{"format_version":"0.1","terraform_version":"0.13.4","planned_values":{"root_module":{"resources":[{"address":"aws_elasticache_subnet_group.bar","mode":"managed","type":"aws_elasticache_subnet_group","name":"bar","provider_name":"registry.terraform.io/hashicorp/aws","schema_version":0,"values":{"description":"Managed by Terraform","name":"tf-test-cache-subnet","subnet_ids":["aws_subnet.foo.id"],"tags":null}},{"address":"aws_subnet.foo","mode":"managed","type":"aws_subnet","name":"foo","provider_name":"registry.terraform.io/hashicorp/aws","schema_version":1,"values":{"assign_ipv6_address_on_creation":false,"availability_zone":"us-east-1a","cidr_block":"10.0.0.0/24","customer_owned_ipv4_pool":null,"ipv6_cidr_block":null,"map_customer_owned_ip_on_launch":null,"map_public_ip_on_launch":false,"outpost_arn":null,"tags":{"Name":"tf-test"},"tags_all":{"Name":"tf-test"},"timeouts":null,"vpc_id":"aws_vpc.foo.id"}},{"address":"aws_vpc.foo","mode":"managed","type":"aws_vpc","name":"foo","provider_name":"registry.terraform.io/hashicorp/aws","schema_version":1,"values":{"assign_generated_ipv6_cidr_block":false,"cidr_block":"10.0.0.0/16","enable_dns_support":true,"instance_tenancy":"default","tags":{"Name":"tf-test"},"tags_all":{"Name":"tf-test"}}}]}},"resource_changes":[{"address":"aws_elasticache_subnet_group.bar","mode":"managed","type":"aws_elasticache_subnet_group","name":"bar","provider_name":"registry.terraform.io/hashicorp/aws","change":{"actions":["create"],"before":null,"after":{"description":"Managed by Terraform","name":"tf-test-cache-subnet","subnet_ids":["aws_subnet.foo.id"],"tags":null},"after_unknown":{"arn":true,"id":true,"subnet_ids":[false],"tags_all":true}}},{"address":"aws_subnet.foo","mode":"managed","type":"aws_subnet","name":"foo","provider_name":"registry.terraform.io/hashicorp/aws","change":{"actions":["create"],"before":null,"after":{"assign_ipv6_address_on_creation":false,"availability_zone":"us-east-1a","cidr_block":"10.0.0.0/24","customer_owned_ipv4_pool":null,"ipv6_cidr_block":null,"map_customer_owned_ip_on_launch":null,"map_public_ip_on_launch":false,"outpost_arn":null,"tags":{"Name":"tf-test"},"tags_all":{"Name":"tf-test"},"timeouts":null,"vpc_id":"aws_vpc.foo.id"},"after_unknown":{"arn":true,"availability_zone_id":true,"id":true,"ipv6_cidr_block_association_id":true,"owner_id":true,"tags":{},"tags_all":{}}}},{"address":"aws_vpc.foo","mode":"managed","type":"aws_vpc","name":"foo","provider_name":"registry.terraform.io/hashicorp/aws","change":{"actions":["create"],"before":null,"after":{"assign_generated_ipv6_cidr_block":false,"cidr_block":"10.0.0.0/16","enable_dns_support":true,"instance_tenancy":"default","tags":{"Name":"tf-test"},"tags_all":{"Name":"tf-test"}},"after_unknown":{"arn":true,"default_network_acl_id":true,"default_route_table_id":true,"default_security_group_id":true,"dhcp_options_id":true,"enable_classiclink":true,"enable_classiclink_dns_support":true,"enable_dns_hostnames":true,"id":true,"ipv6_association_id":true,"ipv6_cidr_block":true,"main_route_table_id":true,"owner_id":true,"tags":{},"tags_all":{}}}}],"configuration":{"provider_config":{"aws":{"name":"aws","expressions":{"region":{"constant_value":"us-east-1"}}}},"root_module":{"resources":[{"address":"aws_elasticache_subnet_group.bar","mode":"managed","type":"aws_elasticache_subnet_group","name":"bar","provider_config_key":"aws","expressions":{"name":{"constant_value":"tf-test-cache-subnet"},"subnet_ids":{"references":["aws_subnet.foo"]}},"schema_version":0,"raw_data":{"FileName":"main.tf","StartLine":20,"EndLine":23}},{"address":"aws_subnet.foo","mode":"managed","type":"aws_subnet","name":"foo","provider_config_key":"aws","expressions":{"availability_zone":{"constant_value":"us-east-1a"},"cidr_block":{"constant_value":"10.0.0.0/24"},"tags":{"constant_value":{"Name":"tf-test"}},"vpc_id":{"references":["aws_vpc.foo"]}},"schema_version":1,"raw_data":{"FileName":"main.tf","StartLine":10,"EndLine":18}},{"address":"aws_vpc.foo","mode":"managed","type":"aws_vpc","name":"foo","provider_config_key":"aws","expressions":{"cidr_block":{"constant_value":"10.0.0.0/16"},"tags":{"constant_value":{"Name":"tf-test"}}},"schema_version":1,"raw_data":{"FileName":"main.tf","StartLine":2,"EndLine":8}}]}}}
