{"format_version":"0.1","terraform_version":"0.12.29","planned_values":{"root_module":{"resources":[{"address":"aws_instance.ec2","mode":"managed","type":"aws_instance","name":"ec2","provider_name":"aws","schema_version":1,"values":{"ami":"ami-06ae154e20eef72a6","credit_specification":[],"disable_api_termination":null,"ebs_optimized":null,"get_password_data":false,"hibernation":null,"iam_instance_profile":null,"instance_initiated_shutdown_behavior":null,"instance_type":"t2.micro","monitoring":null,"network_interface":[{"delete_on_termination":false,"device_index":0,"network_interface_id":"aws_network_interface.ni.id"}],"source_dest_check":null,"tags":{"Name":"Integration test - use case 4"},"timeouts":null,"user_data":null,"user_data_base64":null,"volume_tags":null}},{"address":"aws_network_interface.ni","mode":"managed","type":"aws_network_interface","name":"ni","provider_name":"aws","schema_version":0,"values":{"description":null,"private_ips":["10.12.1.100"],"source_dest_check":true,"subnet_id":"aws_subnet.subnet.id","tags":{"Name":"Integration test - use case 4"}}},{"address":"aws_subnet.subnet","mode":"managed","type":"aws_subnet","name":"subnet","provider_name":"aws","schema_version":1,"values":{"assign_ipv6_address_on_creation":false,"cidr_block":"10.12.0.0/16","ipv6_cidr_block":null,"map_public_ip_on_launch":false,"outpost_arn":null,"tags":{"Name":"Integration test - use case 4"},"timeouts":null,"vpc_id":"aws_vpc.vpc.id"}},{"address":"aws_vpc.vpc","mode":"managed","type":"aws_vpc","name":"vpc","provider_name":"aws","schema_version":1,"values":{"assign_generated_ipv6_cidr_block":false,"cidr_block":"10.12.0.0/16","enable_dns_support":true,"instance_tenancy":"default","tags":{"Name":"Integration test - use case 4"}}}]}},"resource_changes":[{"address":"aws_instance.ec2","mode":"managed","type":"aws_instance","name":"ec2","provider_name":"aws","change":{"actions":["create"],"before":null,"after":{"ami":"ami-06ae154e20eef72a6","credit_specification":[],"disable_api_termination":null,"ebs_optimized":null,"get_password_data":false,"hibernation":null,"iam_instance_profile":null,"instance_initiated_shutdown_behavior":null,"instance_type":"t2.micro","monitoring":null,"network_interface":[{"delete_on_termination":false,"device_index":0,"network_interface_id":"aws_network_interface.ni.id"}],"source_dest_check":null,"tags":{"Name":"Integration test - use case 4"},"timeouts":null,"user_data":null,"user_data_base64":null,"volume_tags":null},"after_unknown":{"arn":true,"associate_public_ip_address":true,"availability_zone":true,"cpu_core_count":true,"cpu_threads_per_core":true,"credit_specification":[],"ebs_block_device":true,"enclave_options":true,"ephemeral_block_device":true,"host_id":true,"id":true,"instance_state":true,"ipv6_address_count":true,"ipv6_addresses":true,"key_name":true,"metadata_options":true,"network_interface":[{}],"outpost_arn":true,"password_data":true,"placement_group":true,"primary_network_interface_id":true,"private_dns":true,"private_ip":true,"public_dns":true,"public_ip":true,"root_block_device":true,"secondary_private_ips":true,"security_groups":true,"subnet_id":true,"tags":{},"tenancy":true,"vpc_security_group_ids":true}}},{"address":"aws_network_interface.ni","mode":"managed","type":"aws_network_interface","name":"ni","provider_name":"aws","change":{"actions":["create"],"before":null,"after":{"description":null,"private_ips":["10.12.1.100"],"source_dest_check":true,"subnet_id":"aws_subnet.subnet.id","tags":{"Name":"Integration test - use case 4"}},"after_unknown":{"attachment":true,"id":true,"ipv6_address_count":true,"ipv6_addresses":true,"mac_address":true,"outpost_arn":true,"private_dns_name":true,"private_ip":true,"private_ips":[false],"private_ips_count":true,"security_groups":true,"tags":{}}}},{"address":"aws_subnet.subnet","mode":"managed","type":"aws_subnet","name":"subnet","provider_name":"aws","change":{"actions":["create"],"before":null,"after":{"assign_ipv6_address_on_creation":false,"cidr_block":"10.12.0.0/16","ipv6_cidr_block":null,"map_public_ip_on_launch":false,"outpost_arn":null,"tags":{"Name":"Integration test - use case 4"},"timeouts":null,"vpc_id":"aws_vpc.vpc.id"},"after_unknown":{"arn":true,"availability_zone":true,"availability_zone_id":true,"id":true,"ipv6_cidr_block_association_id":true,"owner_id":true,"tags":{}}}},{"address":"aws_vpc.vpc","mode":"managed","type":"aws_vpc","name":"vpc","provider_name":"aws","change":{"actions":["create"],"before":null,"after":{"assign_generated_ipv6_cidr_block":false,"cidr_block":"10.12.0.0/16","enable_dns_support":true,"instance_tenancy":"default","tags":{"Name":"Integration test - use case 4"}},"after_unknown":{"arn":true,"default_network_acl_id":true,"default_route_table_id":true,"default_security_group_id":true,"dhcp_options_id":true,"enable_classiclink":true,"enable_classiclink_dns_support":true,"enable_dns_hostnames":true,"id":true,"ipv6_association_id":true,"ipv6_cidr_block":true,"main_route_table_id":true,"owner_id":true,"tags":{}}}}],"configuration":{"provider_config":{"aws":{"name":"aws","expressions":{"region":{"constant_value":"eu-west-2"}}}},"root_module":{"resources":[{"address":"aws_instance.ec2","mode":"managed","type":"aws_instance","name":"ec2","provider_config_key":"aws","expressions":{"ami":{"constant_value":"ami-06ae154e20eef72a6"},"instance_type":{"constant_value":"t2.micro"},"network_interface":[{"device_index":{"constant_value":0},"network_interface_id":{"references":["aws_network_interface.ni"]}}],"tags":{"references":["local.test_name"]}},"schema_version":1,"raw_data":{"FileName":"main.tf","StartLine":45,"EndLine":57}},{"address":"aws_network_interface.ni","mode":"managed","type":"aws_network_interface","name":"ni","provider_config_key":"aws","expressions":{"private_ips":{"references":["local.network_interface"]},"subnet_id":{"references":["aws_subnet.subnet"]},"tags":{"references":["local.test_name"]}},"schema_version":0,"raw_data":{"FileName":"main.tf","StartLine":35,"EndLine":43}},{"address":"aws_subnet.subnet","mode":"managed","type":"aws_subnet","name":"subnet","provider_config_key":"aws","expressions":{"cidr_block":{"references":["local.cidr_block"]},"tags":{"references":["local.test_name"]},"vpc_id":{"references":["aws_vpc.vpc"]}},"schema_version":1,"raw_data":{"FileName":"main.tf","StartLine":26,"EndLine":33}},{"address":"aws_vpc.vpc","mode":"managed","type":"aws_vpc","name":"vpc","provider_config_key":"aws","expressions":{"cidr_block":{"references":["local.cidr_block"]},"tags":{"references":["local.test_name"]}},"schema_version":1,"raw_data":{"FileName":"main.tf","StartLine":18,"EndLine":24}}]}}}
