{"format_version":"0.1","terraform_version":"0.13.4","planned_values":{"root_module":{"resources":[{"address":"aws_iam_role.role","mode":"managed","type":"aws_iam_role","name":"role","provider_name":"registry.terraform.io/hashicorp/aws","schema_version":0,"values":{"assume_role_policy":"{\n  \"Version\": \"2012-10-17\",\n  \"Statement\": [\n    {\n      \"Sid\": \"\",\n      \"Effect\": \"Allow\",\n      \"Action\": \"sts:AssumeRole\",\n      \"Principal\": {\n        \"Service\": \"ec2.amazonaws.com\"\n      }\n    }\n  ]\n}","description":null,"force_detach_policies":false,"inline_policy":[],"max_session_duration":3600,"name":"role","name_prefix":null,"path":"/","permissions_boundary":null,"tags":null}},{"address":"aws_iam_role_policy.allow-policy-1","mode":"managed","type":"aws_iam_role_policy","name":"allow-policy-1","provider_name":"registry.terraform.io/hashicorp/aws","schema_version":0,"values":{"name":"allow-policy-1","name_prefix":null,"policy":"{\n  \"Version\": \"2012-10-17\",\n  \"Statement\": [\n    {\n      \"Action\": [\n        \"iam: passrole\"\n      ],\n      \"Effect\": \"Allow\",\n      \"Resource\": \"*\"\n    }\n  ]\n}\n","role":"aws_iam_role.role.id"}},{"address":"aws_iam_role_policy.allow-policy-2","mode":"managed","type":"aws_iam_role_policy","name":"allow-policy-2","provider_name":"registry.terraform.io/hashicorp/aws","schema_version":0,"values":{"name":"allow-policy-2","name_prefix":null,"policy":"{\n  \"Version\": \"2012-10-17\",\n  \"Statement\": [\n    {\n      \"Action\": [\n        \"lambda: createfunction\", \"lambda: invokefunc*\"\n      ],\n      \"Effect\": \"Allow\",\n      \"Resource\": \"*\"\n    }\n  ]\n}\n","role":"aws_iam_role.role.id"}}]}},"resource_changes":[{"address":"aws_iam_role.role","mode":"managed","type":"aws_iam_role","name":"role","provider_name":"registry.terraform.io/hashicorp/aws","change":{"actions":["create"],"before":null,"after":{"assume_role_policy":"{\n  \"Version\": \"2012-10-17\",\n  \"Statement\": [\n    {\n      \"Sid\": \"\",\n      \"Effect\": \"Allow\",\n      \"Action\": \"sts:AssumeRole\",\n      \"Principal\": {\n        \"Service\": \"ec2.amazonaws.com\"\n      }\n    }\n  ]\n}","description":null,"force_detach_policies":false,"inline_policy":[],"max_session_duration":3600,"name":"role","name_prefix":null,"path":"/","permissions_boundary":null,"tags":null},"after_unknown":{"arn":true,"create_date":true,"id":true,"inline_policy":[],"managed_policy_arns":true,"tags_all":true,"unique_id":true}}},{"address":"aws_iam_role_policy.allow-policy-1","mode":"managed","type":"aws_iam_role_policy","name":"allow-policy-1","provider_name":"registry.terraform.io/hashicorp/aws","change":{"actions":["create"],"before":null,"after":{"name":"allow-policy-1","name_prefix":null,"policy":"{\n  \"Version\": \"2012-10-17\",\n  \"Statement\": [\n    {\n      \"Action\": [\n        \"iam: passrole\"\n      ],\n      \"Effect\": \"Allow\",\n      \"Resource\": \"*\"\n    }\n  ]\n}\n","role":"aws_iam_role.role.id"},"after_unknown":{"id":true}}},{"address":"aws_iam_role_policy.allow-policy-2","mode":"managed","type":"aws_iam_role_policy","name":"allow-policy-2","provider_name":"registry.terraform.io/hashicorp/aws","change":{"actions":["create"],"before":null,"after":{"name":"allow-policy-2","name_prefix":null,"policy":"{\n  \"Version\": \"2012-10-17\",\n  \"Statement\": [\n    {\n      \"Action\": [\n        \"lambda: createfunction\", \"lambda: invokefunc*\"\n      ],\n      \"Effect\": \"Allow\",\n      \"Resource\": \"*\"\n    }\n  ]\n}\n","role":"aws_iam_role.role.id"},"after_unknown":{"id":true}}}],"prior_state":{"format_version":"0.1","terraform_version":"0.13.4","values":{"root_module":{"resources":[{"address":"data.aws_iam_policy_document.iam_assume_policy","mode":"data","type":"aws_iam_policy_document","name":"iam_assume_policy","provider_name":"registry.terraform.io/hashicorp/aws","schema_version":0,"values":{"id":"1903849331","json":"{\n  \"Version\": \"2012-10-17\",\n  \"Statement\": [\n    {\n      \"Sid\": \"\",\n      \"Effect\": \"Allow\",\n      \"Action\": \"sts:AssumeRole\",\n      \"Principal\": {\n        \"Service\": \"ec2.amazonaws.com\"\n      }\n    }\n  ]\n}","override_json":null,"override_policy_documents":null,"policy_id":null,"source_json":null,"source_policy_documents":null,"statement":[{"actions":["sts:AssumeRole"],"condition":[],"effect":"Allow","not_actions":[],"not_principals":[],"not_resources":[],"principals":[{"identifiers":["ec2.amazonaws.com"],"type":"Service"}],"resources":[],"sid":""}],"version":"2012-10-17"}}]}}},"configuration":{"provider_config":{"aws":{"name":"aws","expressions":{"region":{"constant_value":"us-east-1"}}}},"root_module":{"resources":[{"address":"aws_iam_role.role","mode":"managed","type":"aws_iam_role","name":"role","provider_config_key":"aws","expressions":{"assume_role_policy":{"references":["data.aws_iam_policy_document.iam_assume_policy"]},"name":{"constant_value":"role"}},"schema_version":0,"raw_data":{"FileName":"main.tf","StartLine":13,"EndLine":17}},{"address":"aws_iam_role_policy.allow-policy-1","mode":"managed","type":"aws_iam_role_policy","name":"allow-policy-1","provider_config_key":"aws","expressions":{"name":{"constant_value":"allow-policy-1"},"policy":{"constant_value":"{\n  \"Version\": \"2012-10-17\",\n  \"Statement\": [\n    {\n      \"Action\": [\n        \"iam: passrole\"\n      ],\n      \"Effect\": \"Allow\",\n      \"Resource\": \"*\"\n    }\n  ]\n}\n"},"role":{"references":["aws_iam_role.role"]}},"schema_version":0,"raw_data":{"FileName":"main.tf","StartLine":19,"EndLine":37}},{"address":"aws_iam_role_policy.allow-policy-2","mode":"managed","type":"aws_iam_role_policy","name":"allow-policy-2","provider_config_key":"aws","expressions":{"name":{"constant_value":"allow-policy-2"},"policy":{"constant_value":"{\n  \"Version\": \"2012-10-17\",\n  \"Statement\": [\n    {\n      \"Action\": [\n        \"lambda: createfunction\", \"lambda: invokefunc*\"\n      ],\n      \"Effect\": \"Allow\",\n      \"Resource\": \"*\"\n    }\n  ]\n}\n"},"role":{"references":["aws_iam_role.role"]}},"schema_version":0,"raw_data":{"FileName":"main.tf","StartLine":39,"EndLine":57}},{"address":"data.aws_iam_policy_document.iam_assume_policy","mode":"data","type":"aws_iam_policy_document","name":"iam_assume_policy","provider_config_key":"aws","expressions":{"statement":[{"actions":{"constant_value":["sts:AssumeRole"]},"principals":[{"identifiers":{"constant_value":["ec2.amazonaws.com"]},"type":{"constant_value":"Service"}}]}]},"schema_version":0,"raw_data":{"FileName":"main.tf","StartLine":2,"EndLine":11}}]}}}
