{"format_version":"0.1","terraform_version":"0.12.29","planned_values":{"root_module":{"resources":[{"address":"aws_codebuild_project.project-cloudrail-test","mode":"managed","type":"aws_codebuild_project","name":"project-cloudrail-test","provider_name":"aws","schema_version":0,"values":{"artifacts":[{"artifact_identifier":null,"encryption_disabled":null,"location":null,"name":null,"namespace_type":null,"override_artifact_name":null,"packaging":null,"path":null,"type":"NO_ARTIFACTS"}],"badge_enabled":false,"build_timeout":5,"cache":[{"location":null,"modes":["LOCAL_DOCKER_LAYER_CACHE","LOCAL_SOURCE_CACHE"],"type":"LOCAL"}],"description":"project-cloudrail-test","encryption_key":"aws_kms_key.codebuild.arn","environment":[{"certificate":null,"compute_type":"BUILD_GENERAL1_SMALL","environment_variable":[{"name":"SOME_KEY1","type":null,"value":"SOME_VALUE1"}],"image":"aws/codebuild/standard:1.0","image_pull_credentials_type":"CODEBUILD","privileged_mode":null,"registry_credential":[],"type":"LINUX_CONTAINER"}],"logs_config":[],"name":"project-cloudrail-test","queued_timeout":5,"secondary_artifacts":[],"secondary_sources":[],"service_role":"aws_iam_role.codebuild.arn","source":[{"auth":[],"buildspec":null,"git_clone_depth":1,"git_submodules_config":[],"insecure_ssl":null,"location":"https://github.com/mitchellh/packer.git","report_build_status":null,"type":"GITHUB"}],"source_version":null,"tags":null,"vpc_config":[{"security_group_ids":["aws_security_group.nondefault.id"],"subnets":["aws_subnet.foo.id"],"vpc_id":"aws_vpc.foo.id"}]}},{"address":"aws_iam_role.codebuild","mode":"managed","type":"aws_iam_role","name":"codebuild","provider_name":"aws","schema_version":0,"values":{"assume_role_policy":"{\n  \"Version\": \"2012-10-17\",\n  \"Statement\": [\n    {\n      \"Effect\": \"Allow\",\n      \"Principal\": {\n        \"Service\": \"codebuild.amazonaws.com\"\n      },\n      \"Action\": \"sts:AssumeRole\"\n    }\n  ]\n}\n","description":null,"force_detach_policies":false,"max_session_duration":3600,"name":"codebuild-cloudrail-test","name_prefix":null,"path":"/","permissions_boundary":null,"tags":null}},{"address":"aws_iam_role_policy.ec2-describe-policy","mode":"managed","type":"aws_iam_role_policy","name":"ec2-describe-policy","provider_name":"aws","schema_version":0,"values":{"name":"ec2-describe-policy","name_prefix":null,"policy":"{\"Statement\":[{\"Action\":[\"ec2:Describe*\"],\"Effect\":\"Allow\",\"Resource\":\"*\"}],\"Version\":\"2012-10-17\"}","role":"aws_iam_role.codebuild.id"}},{"address":"aws_kms_key.codebuild","mode":"managed","type":"aws_kms_key","name":"codebuild","provider_name":"aws","schema_version":0,"values":{"customer_master_key_spec":"SYMMETRIC_DEFAULT","deletion_window_in_days":7,"description":"KMS key for Codebuild project","enable_key_rotation":false,"is_enabled":true,"key_usage":"ENCRYPT_DECRYPT","tags":null}},{"address":"aws_security_group.nondefault","mode":"managed","type":"aws_security_group","name":"nondefault","provider_name":"aws","schema_version":1,"values":{"description":"Managed by Terraform","egress":[{"cidr_blocks":["0.0.0.0/0"],"description":null,"from_port":0,"ipv6_cidr_blocks":null,"prefix_list_ids":null,"protocol":"-1","security_groups":null,"self":null,"to_port":0}],"ingress":[{"cidr_blocks":["0.0.0.0/0"],"description":null,"from_port":0,"ipv6_cidr_blocks":null,"prefix_list_ids":null,"protocol":"-1","security_groups":null,"self":null,"to_port":0}],"revoke_rules_on_delete":false,"tags":null,"timeouts":null,"vpc_id":"aws_vpc.foo.id"}},{"address":"aws_security_group.unused","mode":"managed","type":"aws_security_group","name":"unused","provider_name":"aws","schema_version":1,"values":{"description":"Managed by Terraform","ingress":[{"cidr_blocks":["0.0.0.0/0"],"description":null,"from_port":53,"ipv6_cidr_blocks":null,"prefix_list_ids":null,"protocol":"UDP","security_groups":null,"self":null,"to_port":53}],"name":"Unused security group","revoke_rules_on_delete":false,"tags":null,"timeouts":null,"vpc_id":"aws_vpc.foo.id"}},{"address":"aws_subnet.foo","mode":"managed","type":"aws_subnet","name":"foo","provider_name":"aws","schema_version":1,"values":{"assign_ipv6_address_on_creation":false,"availability_zone":"us-east-1a","cidr_block":"10.0.0.0/24","customer_owned_ipv4_pool":null,"ipv6_cidr_block":null,"map_customer_owned_ip_on_launch":null,"map_public_ip_on_launch":false,"outpost_arn":null,"tags":{"Name":"tf-test"},"tags_all":{"Name":"tf-test"},"timeouts":null,"vpc_id":"aws_vpc.foo.id"}},{"address":"aws_vpc.foo","mode":"managed","type":"aws_vpc","name":"foo","provider_name":"aws","schema_version":1,"values":{"assign_generated_ipv6_cidr_block":false,"cidr_block":"10.0.0.0/16","enable_dns_support":true,"instance_tenancy":"default","tags":{"Name":"tf-test"},"tags_all":{"Name":"tf-test"}}}]}},"resource_changes":[{"address":"aws_codebuild_project.project-cloudrail-test","mode":"managed","type":"aws_codebuild_project","name":"project-cloudrail-test","provider_name":"aws","change":{"actions":["create"],"before":null,"after":{"artifacts":[{"artifact_identifier":null,"encryption_disabled":null,"location":null,"name":null,"namespace_type":null,"override_artifact_name":null,"packaging":null,"path":null,"type":"NO_ARTIFACTS"}],"badge_enabled":false,"build_timeout":5,"cache":[{"location":null,"modes":["LOCAL_DOCKER_LAYER_CACHE","LOCAL_SOURCE_CACHE"],"type":"LOCAL"}],"description":"project-cloudrail-test","encryption_key":"aws_kms_key.codebuild.arn","environment":[{"certificate":null,"compute_type":"BUILD_GENERAL1_SMALL","environment_variable":[{"name":"SOME_KEY1","type":null,"value":"SOME_VALUE1"}],"image":"aws/codebuild/standard:1.0","image_pull_credentials_type":"CODEBUILD","privileged_mode":null,"registry_credential":[],"type":"LINUX_CONTAINER"}],"logs_config":[],"name":"project-cloudrail-test","queued_timeout":5,"secondary_artifacts":[],"secondary_sources":[],"service_role":"aws_iam_role.codebuild.arn","source":[{"auth":[],"buildspec":null,"git_clone_depth":1,"git_submodules_config":[],"insecure_ssl":null,"location":"https://github.com/mitchellh/packer.git","report_build_status":null,"type":"GITHUB"}],"source_version":null,"tags":null,"vpc_config":[{"security_group_ids":["aws_security_group.nondefault.id"],"subnets":["aws_subnet.foo.id"],"vpc_id":"aws_vpc.foo.id"}]},"after_unknown":{"arn":true,"artifacts":[{}],"badge_url":true,"cache":[{"modes":[false,false]}],"environment":[{"environment_variable":[{}],"registry_credential":[]}],"id":true,"logs_config":[],"secondary_artifacts":[],"secondary_sources":[],"source":[{"auth":[],"git_submodules_config":[]}],"vpc_config":[{"security_group_ids":[false],"subnets":[false]}]}}},{"address":"aws_iam_role.codebuild","mode":"managed","type":"aws_iam_role","name":"codebuild","provider_name":"aws","change":{"actions":["create"],"before":null,"after":{"assume_role_policy":"{\n  \"Version\": \"2012-10-17\",\n  \"Statement\": [\n    {\n      \"Effect\": \"Allow\",\n      \"Principal\": {\n        \"Service\": \"codebuild.amazonaws.com\"\n      },\n      \"Action\": \"sts:AssumeRole\"\n    }\n  ]\n}\n","description":null,"force_detach_policies":false,"max_session_duration":3600,"name":"codebuild-cloudrail-test","name_prefix":null,"path":"/","permissions_boundary":null,"tags":null},"after_unknown":{"arn":true,"create_date":true,"id":true,"inline_policy":true,"managed_policy_arns":true,"unique_id":true}}},{"address":"aws_iam_role_policy.ec2-describe-policy","mode":"managed","type":"aws_iam_role_policy","name":"ec2-describe-policy","provider_name":"aws","change":{"actions":["create"],"before":null,"after":{"name":"ec2-describe-policy","name_prefix":null,"policy":"{\"Statement\":[{\"Action\":[\"ec2:Describe*\"],\"Effect\":\"Allow\",\"Resource\":\"*\"}],\"Version\":\"2012-10-17\"}","role":"aws_iam_role.codebuild.id"},"after_unknown":{"id":true}}},{"address":"aws_kms_key.codebuild","mode":"managed","type":"aws_kms_key","name":"codebuild","provider_name":"aws","change":{"actions":["create"],"before":null,"after":{"customer_master_key_spec":"SYMMETRIC_DEFAULT","deletion_window_in_days":7,"description":"KMS key for Codebuild project","enable_key_rotation":false,"is_enabled":true,"key_usage":"ENCRYPT_DECRYPT","tags":null},"after_unknown":{"arn":true,"id":true,"key_id":true,"policy":true}}},{"address":"aws_security_group.nondefault","mode":"managed","type":"aws_security_group","name":"nondefault","provider_name":"aws","change":{"actions":["create"],"before":null,"after":{"description":"Managed by Terraform","egress":[{"cidr_blocks":["0.0.0.0/0"],"description":null,"from_port":0,"ipv6_cidr_blocks":null,"prefix_list_ids":null,"protocol":"-1","security_groups":null,"self":null,"to_port":0}],"ingress":[{"cidr_blocks":["0.0.0.0/0"],"description":null,"from_port":0,"ipv6_cidr_blocks":null,"prefix_list_ids":null,"protocol":"-1","security_groups":null,"self":null,"to_port":0}],"revoke_rules_on_delete":false,"tags":null,"timeouts":null,"vpc_id":"aws_vpc.foo.id"},"after_unknown":{"arn":true,"egress":[{"cidr_blocks":[false]}],"id":true,"ingress":[{"cidr_blocks":[false]}],"name":true,"name_prefix":true,"owner_id":true}}},{"address":"aws_security_group.unused","mode":"managed","type":"aws_security_group","name":"unused","provider_name":"aws","change":{"actions":["create"],"before":null,"after":{"description":"Managed by Terraform","ingress":[{"cidr_blocks":["0.0.0.0/0"],"description":null,"from_port":53,"ipv6_cidr_blocks":null,"prefix_list_ids":null,"protocol":"UDP","security_groups":null,"self":null,"to_port":53}],"name":"Unused security group","revoke_rules_on_delete":false,"tags":null,"timeouts":null,"vpc_id":"aws_vpc.foo.id"},"after_unknown":{"arn":true,"egress":true,"id":true,"ingress":[{"cidr_blocks":[false]}],"name_prefix":true,"owner_id":true}}},{"address":"aws_subnet.foo","mode":"managed","type":"aws_subnet","name":"foo","provider_name":"aws","change":{"actions":["create"],"before":null,"after":{"assign_ipv6_address_on_creation":false,"availability_zone":"us-east-1a","cidr_block":"10.0.0.0/24","customer_owned_ipv4_pool":null,"ipv6_cidr_block":null,"map_customer_owned_ip_on_launch":null,"map_public_ip_on_launch":false,"outpost_arn":null,"tags":{"Name":"tf-test"},"tags_all":{"Name":"tf-test"},"timeouts":null,"vpc_id":"aws_vpc.foo.id"},"after_unknown":{"arn":true,"availability_zone_id":true,"id":true,"ipv6_cidr_block_association_id":true,"owner_id":true,"tags":{},"tags_all":{}}}},{"address":"aws_vpc.foo","mode":"managed","type":"aws_vpc","name":"foo","provider_name":"aws","change":{"actions":["create"],"before":null,"after":{"assign_generated_ipv6_cidr_block":false,"cidr_block":"10.0.0.0/16","enable_dns_support":true,"instance_tenancy":"default","tags":{"Name":"tf-test"},"tags_all":{"Name":"tf-test"}},"after_unknown":{"arn":true,"default_network_acl_id":true,"default_route_table_id":true,"default_security_group_id":true,"dhcp_options_id":true,"enable_classiclink":true,"enable_classiclink_dns_support":true,"enable_dns_hostnames":true,"id":true,"ipv6_association_id":true,"ipv6_cidr_block":true,"main_route_table_id":true,"owner_id":true,"tags":{},"tags_all":{}}}}],"configuration":{"provider_config":{"aws":{"name":"aws","expressions":{"region":{"constant_value":"us-east-1"}}}},"root_module":{"resources":[{"address":"aws_codebuild_project.project-cloudrail-test","mode":"managed","type":"aws_codebuild_project","name":"project-cloudrail-test","provider_config_key":"aws","expressions":{"artifacts":[{"type":{"constant_value":"NO_ARTIFACTS"}}],"build_timeout":{"constant_value":"5"},"cache":[{"modes":{"constant_value":["LOCAL_DOCKER_LAYER_CACHE","LOCAL_SOURCE_CACHE"]},"type":{"constant_value":"LOCAL"}}],"description":{"constant_value":"project-cloudrail-test"},"encryption_key":{"references":["aws_kms_key.codebuild"]},"environment":[{"compute_type":{"constant_value":"BUILD_GENERAL1_SMALL"},"environment_variable":[{"name":{"constant_value":"SOME_KEY1"},"value":{"constant_value":"SOME_VALUE1"}}],"image":{"constant_value":"aws/codebuild/standard:1.0"},"image_pull_credentials_type":{"constant_value":"CODEBUILD"},"type":{"constant_value":"LINUX_CONTAINER"}}],"name":{"constant_value":"project-cloudrail-test"},"queued_timeout":{"constant_value":"5"},"service_role":{"references":["aws_iam_role.codebuild"]},"source":[{"git_clone_depth":{"constant_value":1},"location":{"constant_value":"https://github.com/mitchellh/packer.git"},"type":{"constant_value":"GITHUB"}}],"vpc_config":[{"security_group_ids":{"references":["aws_security_group.nondefault"]},"subnets":{"references":["aws_subnet.foo"]},"vpc_id":{"references":["aws_vpc.foo"]}}]},"schema_version":0,"raw_data":{"FileName":"main.tf","StartLine":85,"EndLine":125}},{"address":"aws_iam_role.codebuild","mode":"managed","type":"aws_iam_role","name":"codebuild","provider_config_key":"aws","expressions":{"assume_role_policy":{"constant_value":"{\n  \"Version\": \"2012-10-17\",\n  \"Statement\": [\n    {\n      \"Effect\": \"Allow\",\n      \"Principal\": {\n        \"Service\": \"codebuild.amazonaws.com\"\n      },\n      \"Action\": \"sts:AssumeRole\"\n    }\n  ]\n}\n"},"name":{"constant_value":"codebuild-cloudrail-test"}},"schema_version":0,"raw_data":{"FileName":"main.tf","StartLine":48,"EndLine":65}},{"address":"aws_iam_role_policy.ec2-describe-policy","mode":"managed","type":"aws_iam_role_policy","name":"ec2-describe-policy","provider_config_key":"aws","expressions":{"name":{"constant_value":"ec2-describe-policy"},"policy":{},"role":{"references":["aws_iam_role.codebuild"]}},"schema_version":0,"raw_data":{"FileName":"main.tf","StartLine":67,"EndLine":83}},{"address":"aws_kms_key.codebuild","mode":"managed","type":"aws_kms_key","name":"codebuild","provider_config_key":"aws","expressions":{"deletion_window_in_days":{"constant_value":7},"description":{"constant_value":"KMS key for Codebuild project"}},"schema_version":0,"raw_data":{"FileName":"main.tf","StartLine":43,"EndLine":46}},{"address":"aws_security_group.nondefault","mode":"managed","type":"aws_security_group","name":"nondefault","provider_config_key":"aws","expressions":{"vpc_id":{"references":["aws_vpc.foo"]}},"schema_version":1,"raw_data":{"FileName":"main.tf","StartLine":24,"EndLine":41}},{"address":"aws_security_group.unused","mode":"managed","type":"aws_security_group","name":"unused","provider_config_key":"aws","expressions":{"name":{"constant_value":"Unused security group"},"vpc_id":{"references":["aws_vpc.foo"]}},"schema_version":1,"raw_data":{"FileName":"main.tf","StartLine":128,"EndLine":138}},{"address":"aws_subnet.foo","mode":"managed","type":"aws_subnet","name":"foo","provider_config_key":"aws","expressions":{"availability_zone":{"constant_value":"us-east-1a"},"cidr_block":{"constant_value":"10.0.0.0/24"},"tags":{"constant_value":{"Name":"tf-test"}},"vpc_id":{"references":["aws_vpc.foo"]}},"schema_version":1,"raw_data":{"FileName":"main.tf","StartLine":14,"EndLine":22}},{"address":"aws_vpc.foo","mode":"managed","type":"aws_vpc","name":"foo","provider_config_key":"aws","expressions":{"cidr_block":{"constant_value":"10.0.0.0/16"},"tags":{"constant_value":{"Name":"tf-test"}}},"schema_version":1,"raw_data":{"FileName":"main.tf","StartLine":6,"EndLine":12}}]}}}
