{"format_version":"0.1","terraform_version":"0.12.29","planned_values":{"root_module":{"resources":[{"address":"aws_default_vpc.default","mode":"managed","type":"aws_default_vpc","name":"default","provider_name":"aws","schema_version":1,"values":{"enable_dns_support":true,"tags":{"Name":"Default VPC"}}},{"address":"aws_instance.t2-instance","mode":"managed","type":"aws_instance","name":"t2-instance","provider_name":"aws","schema_version":1,"values":{"ami":"ami-074a777d5cae10210","credit_specification":[],"disable_api_termination":null,"ebs_optimized":null,"get_password_data":false,"hibernation":null,"iam_instance_profile":null,"instance_initiated_shutdown_behavior":null,"instance_type":"t2.micro","monitoring":null,"source_dest_check":true,"subnet_id":"aws_subnet.default-subnet.id","tags":null,"timeouts":null,"user_data":null,"user_data_base64":null}},{"address":"aws_route_table.default-route-table","mode":"managed","type":"aws_route_table","name":"default-route-table","provider_name":"aws","schema_version":0,"values":{"route":[{"cidr_block":"192.168.10.0/24","egress_only_gateway_id":"","gateway_id":"local","instance_id":"","ipv6_cidr_block":"","local_gateway_id":"","nat_gateway_id":"","network_interface_id":"","transit_gateway_id":"","vpc_endpoint_id":"","vpc_peering_connection_id":""}],"tags":null,"vpc_id":"aws_default_vpc.default.id"}},{"address":"aws_route_table_association.default-route-table-assoc","mode":"managed","type":"aws_route_table_association","name":"default-route-table-assoc","provider_name":"aws","schema_version":0,"values":{"gateway_id":null,"route_table_id":"aws_route_table.default-route-table.id","subnet_id":"aws_subnet.default-subnet.id"}},{"address":"aws_subnet.default-subnet","mode":"managed","type":"aws_subnet","name":"default-subnet","provider_name":"aws","schema_version":1,"values":{"assign_ipv6_address_on_creation":false,"availability_zone":"us-east-1","cidr_block":"192.168.10.0/24","ipv6_cidr_block":null,"map_public_ip_on_launch":false,"outpost_arn":null,"tags":null,"timeouts":null,"vpc_id":"aws_default_vpc.default.id"}}]}},"resource_changes":[{"address":"aws_default_vpc.default","mode":"managed","type":"aws_default_vpc","name":"default","provider_name":"aws","change":{"actions":["create"],"before":null,"after":{"enable_dns_support":true,"tags":{"Name":"Default VPC"}},"after_unknown":{"arn":true,"assign_generated_ipv6_cidr_block":true,"cidr_block":true,"default_network_acl_id":true,"default_route_table_id":true,"default_security_group_id":true,"dhcp_options_id":true,"enable_classiclink":true,"enable_classiclink_dns_support":true,"enable_dns_hostnames":true,"id":true,"instance_tenancy":true,"ipv6_association_id":true,"ipv6_cidr_block":true,"main_route_table_id":true,"owner_id":true,"tags":{}}}},{"address":"aws_instance.t2-instance","mode":"managed","type":"aws_instance","name":"t2-instance","provider_name":"aws","change":{"actions":["create"],"before":null,"after":{"ami":"ami-074a777d5cae10210","credit_specification":[],"disable_api_termination":null,"ebs_optimized":null,"get_password_data":false,"hibernation":null,"iam_instance_profile":null,"instance_initiated_shutdown_behavior":null,"instance_type":"t2.micro","monitoring":null,"source_dest_check":true,"subnet_id":"aws_subnet.default-subnet.id","tags":null,"timeouts":null,"user_data":null,"user_data_base64":null},"after_unknown":{"arn":true,"associate_public_ip_address":true,"availability_zone":true,"cpu_core_count":true,"cpu_threads_per_core":true,"credit_specification":[],"ebs_block_device":true,"ephemeral_block_device":true,"host_id":true,"id":true,"instance_state":true,"ipv6_address_count":true,"ipv6_addresses":true,"key_name":true,"metadata_options":true,"network_interface":true,"outpost_arn":true,"password_data":true,"placement_group":true,"primary_network_interface_id":true,"private_dns":true,"private_ip":true,"public_dns":true,"public_ip":true,"root_block_device":true,"secondary_private_ips":true,"security_groups":true,"tenancy":true,"volume_tags":true,"vpc_security_group_ids":true}}},{"address":"aws_route_table.default-route-table","mode":"managed","type":"aws_route_table","name":"default-route-table","provider_name":"aws","change":{"actions":["create"],"before":null,"after":{"route":[{"cidr_block":"192.168.10.0/24","egress_only_gateway_id":"","gateway_id":"local","instance_id":"","ipv6_cidr_block":"","local_gateway_id":"","nat_gateway_id":"","network_interface_id":"","transit_gateway_id":"","vpc_endpoint_id":"","vpc_peering_connection_id":""}],"tags":null,"vpc_id":"aws_default_vpc.default.id"},"after_unknown":{"id":true,"owner_id":true,"propagating_vgws":true,"route":[{}]}}},{"address":"aws_route_table_association.default-route-table-assoc","mode":"managed","type":"aws_route_table_association","name":"default-route-table-assoc","provider_name":"aws","change":{"actions":["create"],"before":null,"after":{"gateway_id":null,"route_table_id":"aws_route_table.default-route-table.id","subnet_id":"aws_subnet.default-subnet.id"},"after_unknown":{"id":true}}},{"address":"aws_subnet.default-subnet","mode":"managed","type":"aws_subnet","name":"default-subnet","provider_name":"aws","change":{"actions":["create"],"before":null,"after":{"assign_ipv6_address_on_creation":false,"availability_zone":"us-east-1","cidr_block":"192.168.10.0/24","ipv6_cidr_block":null,"map_public_ip_on_launch":false,"outpost_arn":null,"tags":null,"timeouts":null,"vpc_id":"aws_default_vpc.default.id"},"after_unknown":{"arn":true,"availability_zone_id":true,"id":true,"ipv6_cidr_block_association_id":true,"owner_id":true}}}],"prior_state":{"format_version":"0.1","terraform_version":"0.12.29","values":{"root_module":{"resources":[{"address":"data.aws_ami.ubuntu","mode":"data","type":"aws_ami","name":"ubuntu","provider_name":"aws","schema_version":0,"values":{"architecture":"x86_64","arn":"arn:aws:ec2:us-east-1::image/ami-074a777d5cae10210","block_device_mappings":[{"device_name":"/dev/sda1","ebs":{"delete_on_termination":"true","encrypted":"false","iops":"0","snapshot_id":"snap-0df14888b07bde546","volume_size":"8","volume_type":"gp2"},"no_device":"","virtual_name":""},{"device_name":"/dev/sdb","ebs":{},"no_device":"","virtual_name":"ephemeral0"},{"device_name":"/dev/sdc","ebs":{},"no_device":"","virtual_name":"ephemeral1"}],"creation_date":"2020-12-03T16:48:20.000Z","description":"Canonical, Ubuntu, 16.04 LTS, amd64 xenial image build on 2020-12-02","executable_users":null,"filter":[{"name":"name","values":["ubuntu/images/hvm-ssd/ubuntu-xenial-16.04-amd64-server-*"]},{"name":"virtualization-type","values":["hvm"]}],"hypervisor":"xen","id":"ami-074a777d5cae10210","image_id":"ami-074a777d5cae10210","image_location":"099720109477/ubuntu/images/hvm-ssd/ubuntu-xenial-16.04-amd64-server-20201202.1","image_owner_alias":null,"image_type":"machine","kernel_id":null,"most_recent":true,"name":"ubuntu/images/hvm-ssd/ubuntu-xenial-16.04-amd64-server-20201202.1","name_regex":null,"owner_id":"099720109477","owners":["099720109477"],"platform":null,"product_codes":[],"public":true,"ramdisk_id":null,"root_device_name":"/dev/sda1","root_device_type":"ebs","root_snapshot_id":"snap-0df14888b07bde546","sriov_net_support":"simple","state":"available","state_reason":{"code":"UNSET","message":"UNSET"},"tags":{},"virtualization_type":"hvm"}}]}}},"configuration":{"provider_config":{"aws":{"name":"aws","expressions":{"region":{"constant_value":"us-east-1"}}}},"root_module":{"resources":[{"address":"aws_default_vpc.default","mode":"managed","type":"aws_default_vpc","name":"default","provider_config_key":"aws","expressions":{"tags":{"constant_value":{"Name":"Default VPC"}}},"schema_version":1,"raw_data":{"FileName":"main.tf","StartLine":12,"EndLine":16}},{"address":"aws_instance.t2-instance","mode":"managed","type":"aws_instance","name":"t2-instance","provider_config_key":"aws","expressions":{"ami":{"references":["data.aws_ami.ubuntu"]},"instance_type":{"constant_value":"t2.micro"},"subnet_id":{"references":["aws_subnet.default-subnet"]}},"schema_version":1,"raw_data":{"FileName":"main.tf","StartLine":53,"EndLine":57}},{"address":"aws_route_table.default-route-table","mode":"managed","type":"aws_route_table","name":"default-route-table","provider_config_key":"aws","expressions":{"vpc_id":{"references":["aws_default_vpc.default"]}},"schema_version":0,"raw_data":{"FileName":"main.tf","StartLine":24,"EndLine":30}},{"address":"aws_route_table_association.default-route-table-assoc","mode":"managed","type":"aws_route_table_association","name":"default-route-table-assoc","provider_config_key":"aws","expressions":{"route_table_id":{"references":["aws_route_table.default-route-table"]},"subnet_id":{"references":["aws_subnet.default-subnet"]}},"schema_version":0,"raw_data":{"FileName":"main.tf","StartLine":32,"EndLine":35}},{"address":"aws_subnet.default-subnet","mode":"managed","type":"aws_subnet","name":"default-subnet","provider_config_key":"aws","expressions":{"availability_zone":{"references":["local.region"]},"cidr_block":{"constant_value":"192.168.10.0/24"},"vpc_id":{"references":["aws_default_vpc.default"]}},"schema_version":1,"raw_data":{"FileName":"main.tf","StartLine":18,"EndLine":22}},{"address":"data.aws_ami.ubuntu","mode":"data","type":"aws_ami","name":"ubuntu","provider_config_key":"aws","expressions":{"filter":[{"name":{"constant_value":"name"},"values":{"constant_value":["ubuntu/images/hvm-ssd/ubuntu-xenial-16.04-amd64-server-*"]}},{"name":{"constant_value":"virtualization-type"},"values":{"constant_value":["hvm"]}}],"most_recent":{"constant_value":true},"owners":{"constant_value":["099720109477"]}},"schema_version":0,"raw_data":{"FileName":"main.tf","StartLine":37,"EndLine":51}}]}}}
