{"format_version":"0.1","terraform_version":"0.13.4","planned_values":{"root_module":{"resources":[{"address":"aws_default_route_table.ido_default_route_table","mode":"managed","type":"aws_default_route_table","name":"ido_default_route_table","provider_name":"registry.terraform.io/hashicorp/aws","schema_version":0,"values":{"default_route_table_id":"aws_default_vpc.default.default_route_table_id","propagating_vgws":null,"tags":{"Name":"default table"},"tags_all":{"Name":"default table"}}},{"address":"aws_default_vpc.default","mode":"managed","type":"aws_default_vpc","name":"default","provider_name":"registry.terraform.io/hashicorp/aws","schema_version":1,"values":{"enable_dns_support":true,"tags":{"Name":"default-vpc"},"tags_all":{"Name":"default-vpc"}}}]}},"resource_changes":[{"address":"aws_default_route_table.ido_default_route_table","mode":"managed","type":"aws_default_route_table","name":"ido_default_route_table","provider_name":"registry.terraform.io/hashicorp/aws","change":{"actions":["create"],"before":null,"after":{"default_route_table_id":"aws_default_vpc.default.default_route_table_id","propagating_vgws":null,"tags":{"Name":"default table"},"tags_all":{"Name":"default table"}},"after_unknown":{"arn":true,"id":true,"owner_id":true,"route":true,"tags":{},"tags_all":{},"vpc_id":true}}},{"address":"aws_default_vpc.default","mode":"managed","type":"aws_default_vpc","name":"default","provider_name":"registry.terraform.io/hashicorp/aws","change":{"actions":["create"],"before":null,"after":{"enable_dns_support":true,"tags":{"Name":"default-vpc"},"tags_all":{"Name":"default-vpc"}},"after_unknown":{"arn":true,"assign_generated_ipv6_cidr_block":true,"cidr_block":true,"default_network_acl_id":true,"default_route_table_id":true,"default_security_group_id":true,"dhcp_options_id":true,"enable_classiclink":true,"enable_classiclink_dns_support":true,"enable_dns_hostnames":true,"id":true,"instance_tenancy":true,"ipv6_association_id":true,"ipv6_cidr_block":true,"main_route_table_id":true,"owner_id":true,"tags":{},"tags_all":{}}}}],"configuration":{"provider_config":{"aws":{"name":"aws","expressions":{"region":{"constant_value":"us-east-1"}}}},"root_module":{"resources":[{"address":"aws_default_route_table.ido_default_route_table","mode":"managed","type":"aws_default_route_table","name":"ido_default_route_table","provider_config_key":"aws","expressions":{"default_route_table_id":{"references":["aws_default_vpc.default"]},"tags":{"constant_value":{"Name":"default table"}}},"schema_version":0,"raw_data":{"FileName":"main.tf","StartLine":7,"EndLine":12}},{"address":"aws_default_vpc.default","mode":"managed","type":"aws_default_vpc","name":"default","provider_config_key":"aws","expressions":{"tags":{"constant_value":{"Name":"default-vpc"}}},"schema_version":1,"raw_data":{"FileName":"main.tf","StartLine":1,"EndLine":5}}]}}}
