{"format_version":"0.1","terraform_version":"0.12.29","planned_values":{"root_module":{"resources":[{"address":"aws_default_security_group.default","mode":"managed","type":"aws_default_security_group","name":"default","provider_name":"aws","schema_version":1,"values":{"revoke_rules_on_delete":false,"tags":null,"vpc_id":"aws_vpc.vpc.id"}},{"address":"aws_instance.test_customized_no_rules_default_sg_ec2","mode":"managed","type":"aws_instance","name":"test_customized_no_rules_default_sg_ec2","provider_name":"aws","schema_version":1,"values":{"ami":"ami-07cda0db070313c52","credit_specification":[],"disable_api_termination":null,"ebs_optimized":null,"get_password_data":false,"hibernation":null,"iam_instance_profile":null,"instance_initiated_shutdown_behavior":null,"instance_type":"t2.micro","monitoring":null,"source_dest_check":true,"subnet_id":"aws_subnet.subnet.id","tags":{"Name":"Integration test - use case 2"},"timeouts":null,"user_data":null,"user_data_base64":null,"volume_tags":null}},{"address":"aws_subnet.subnet","mode":"managed","type":"aws_subnet","name":"subnet","provider_name":"aws","schema_version":1,"values":{"assign_ipv6_address_on_creation":false,"cidr_block":"10.10.0.0/16","ipv6_cidr_block":null,"map_public_ip_on_launch":false,"outpost_arn":null,"tags":{"Name":"Integration test - use case 2"},"timeouts":null,"vpc_id":"aws_vpc.vpc.id"}},{"address":"aws_vpc.vpc","mode":"managed","type":"aws_vpc","name":"vpc","provider_name":"aws","schema_version":1,"values":{"assign_generated_ipv6_cidr_block":false,"cidr_block":"10.10.0.0/16","enable_dns_support":true,"instance_tenancy":"default","tags":{"Name":"Integration test - use case 2"}}}]}},"resource_changes":[{"address":"aws_default_security_group.default","mode":"managed","type":"aws_default_security_group","name":"default","provider_name":"aws","change":{"actions":["create"],"before":null,"after":{"revoke_rules_on_delete":false,"tags":null,"vpc_id":"aws_vpc.vpc.id"},"after_unknown":{"arn":true,"description":true,"egress":true,"id":true,"ingress":true,"name":true,"owner_id":true}}},{"address":"aws_instance.test_customized_no_rules_default_sg_ec2","mode":"managed","type":"aws_instance","name":"test_customized_no_rules_default_sg_ec2","provider_name":"aws","change":{"actions":["create"],"before":null,"after":{"ami":"ami-07cda0db070313c52","credit_specification":[],"disable_api_termination":null,"ebs_optimized":null,"get_password_data":false,"hibernation":null,"iam_instance_profile":null,"instance_initiated_shutdown_behavior":null,"instance_type":"t2.micro","monitoring":null,"source_dest_check":true,"subnet_id":"aws_subnet.subnet.id","tags":{"Name":"Integration test - use case 2"},"timeouts":null,"user_data":null,"user_data_base64":null,"volume_tags":null},"after_unknown":{"arn":true,"associate_public_ip_address":true,"availability_zone":true,"cpu_core_count":true,"cpu_threads_per_core":true,"credit_specification":[],"ebs_block_device":true,"enclave_options":true,"ephemeral_block_device":true,"host_id":true,"id":true,"instance_state":true,"ipv6_address_count":true,"ipv6_addresses":true,"key_name":true,"metadata_options":true,"network_interface":true,"outpost_arn":true,"password_data":true,"placement_group":true,"primary_network_interface_id":true,"private_dns":true,"private_ip":true,"public_dns":true,"public_ip":true,"root_block_device":true,"secondary_private_ips":true,"security_groups":true,"tags":{},"tenancy":true,"vpc_security_group_ids":true}}},{"address":"aws_subnet.subnet","mode":"managed","type":"aws_subnet","name":"subnet","provider_name":"aws","change":{"actions":["create"],"before":null,"after":{"assign_ipv6_address_on_creation":false,"cidr_block":"10.10.0.0/16","ipv6_cidr_block":null,"map_public_ip_on_launch":false,"outpost_arn":null,"tags":{"Name":"Integration test - use case 2"},"timeouts":null,"vpc_id":"aws_vpc.vpc.id"},"after_unknown":{"arn":true,"availability_zone":true,"availability_zone_id":true,"id":true,"ipv6_cidr_block_association_id":true,"owner_id":true,"tags":{}}}},{"address":"aws_vpc.vpc","mode":"managed","type":"aws_vpc","name":"vpc","provider_name":"aws","change":{"actions":["create"],"before":null,"after":{"assign_generated_ipv6_cidr_block":false,"cidr_block":"10.10.0.0/16","enable_dns_support":true,"instance_tenancy":"default","tags":{"Name":"Integration test - use case 2"}},"after_unknown":{"arn":true,"default_network_acl_id":true,"default_route_table_id":true,"default_security_group_id":true,"dhcp_options_id":true,"enable_classiclink":true,"enable_classiclink_dns_support":true,"enable_dns_hostnames":true,"id":true,"ipv6_association_id":true,"ipv6_cidr_block":true,"main_route_table_id":true,"owner_id":true,"tags":{}}}}],"configuration":{"provider_config":{"aws":{"name":"aws","expressions":{"region":{"constant_value":"eu-west-1"}}}},"root_module":{"resources":[{"address":"aws_default_security_group.default","mode":"managed","type":"aws_default_security_group","name":"default","provider_config_key":"aws","expressions":{"vpc_id":{"references":["aws_vpc.vpc"]}},"schema_version":1,"raw_data":{"FileName":"main.tf","StartLine":22,"EndLine":24}},{"address":"aws_instance.test_customized_no_rules_default_sg_ec2","mode":"managed","type":"aws_instance","name":"test_customized_no_rules_default_sg_ec2","provider_config_key":"aws","expressions":{"ami":{"constant_value":"ami-07cda0db070313c52"},"instance_type":{"constant_value":"t2.micro"},"subnet_id":{"references":["aws_subnet.subnet"]},"tags":{"references":["local.test_name"]}},"schema_version":1,"raw_data":{"FileName":"main.tf","StartLine":35,"EndLine":43}},{"address":"aws_subnet.subnet","mode":"managed","type":"aws_subnet","name":"subnet","provider_config_key":"aws","expressions":{"cidr_block":{"references":["local.cidr_block"]},"tags":{"references":["local.test_name"]},"vpc_id":{"references":["aws_vpc.vpc"]}},"schema_version":1,"raw_data":{"FileName":"main.tf","StartLine":26,"EndLine":33}},{"address":"aws_vpc.vpc","mode":"managed","type":"aws_vpc","name":"vpc","provider_config_key":"aws","expressions":{"cidr_block":{"references":["local.cidr_block"]},"tags":{"references":["local.test_name"]}},"schema_version":1,"raw_data":{"FileName":"main.tf","StartLine":14,"EndLine":20}}]}}}
