{"format_version":"0.1","terraform_version":"0.12.29","planned_values":{"root_module":{"child_modules":[{"resources":[{"address":"module.test_module.aws_cloudtrail.foobar","mode":"managed","type":"aws_cloudtrail","name":"foobar","provider_name":"aws","schema_version":0,"values":{"cloud_watch_logs_group_arn":null,"cloud_watch_logs_role_arn":null,"enable_log_file_validation":false,"enable_logging":true,"event_selector":[],"include_global_service_events":false,"is_multi_region_trail":false,"is_organization_trail":false,"kms_key_id":null,"name":"cloudtrail-logs-default-encryption","s3_bucket_name":"module.test_module.aws_s3_bucket.foo.id","s3_key_prefix":"prefix","sns_topic_name":null,"tags":null}},{"address":"module.test_module.aws_s3_bucket.foo","mode":"managed","type":"aws_s3_bucket","name":"foo","provider_name":"aws","schema_version":0,"values":{"acl":"private","bucket":"cloudtrail-logs-default-encryption","bucket_prefix":null,"cors_rule":[],"force_destroy":true,"grant":[],"lifecycle_rule":[],"logging":[],"object_lock_configuration":[],"policy":"{\n    \"Version\": \"2012-10-17\",\n    \"Statement\": [\n        {\n            \"Sid\": \"AWSCloudTrailAclCheck\",\n            \"Effect\": \"Allow\",\n            \"Principal\": {\n              \"Service\": \"cloudtrail.amazonaws.com\"\n            },\n            \"Action\": \"s3:GetBucketAcl\",\n            \"Resource\": \"arn:aws:s3:::cloudtrail-logs-default-encryption\"\n        },\n        {\n            \"Sid\": \"AWSCloudTrailWrite\",\n            \"Effect\": \"Allow\",\n            \"Principal\": {\n              \"Service\": \"cloudtrail.amazonaws.com\"\n            },\n            \"Action\": \"s3:PutObject\",\n            \"Resource\": \"arn:aws:s3:::cloudtrail-logs-default-encryption/prefix/AWSLogs/module.test_module.data.aws_caller_identity.current.account_id/*\",\n            \"Condition\": {\n                \"StringEquals\": {\n                    \"s3:x-amz-acl\": \"bucket-owner-full-control\"\n                }\n            }\n        }\n    ]\n}\n","replication_configuration":[],"server_side_encryption_configuration":[],"tags":null,"website":[]}},{"address":"module.test_module.data.aws_caller_identity.current","mode":"data","type":"aws_caller_identity","name":"current","provider_name":"aws","schema_version":0}],"address":"module.test_module"}]}},"resource_changes":[{"address":"module.test_module.aws_cloudtrail.foobar","module_address":"module.test_module","mode":"managed","type":"aws_cloudtrail","name":"foobar","provider_name":"aws","change":{"actions":["create"],"before":null,"after":{"cloud_watch_logs_group_arn":null,"cloud_watch_logs_role_arn":null,"enable_log_file_validation":false,"enable_logging":true,"event_selector":[],"include_global_service_events":false,"is_multi_region_trail":false,"is_organization_trail":false,"kms_key_id":null,"name":"cloudtrail-logs-default-encryption","s3_bucket_name":"module.test_module.aws_s3_bucket.foo.id","s3_key_prefix":"prefix","sns_topic_name":null,"tags":null},"after_unknown":{"arn":true,"event_selector":[],"home_region":true,"id":true}}},{"address":"module.test_module.aws_s3_bucket.foo","module_address":"module.test_module","mode":"managed","type":"aws_s3_bucket","name":"foo","provider_name":"aws","change":{"actions":["create"],"before":null,"after":{"acl":"private","bucket":"cloudtrail-logs-default-encryption","bucket_prefix":null,"cors_rule":[],"force_destroy":true,"grant":[],"lifecycle_rule":[],"logging":[],"object_lock_configuration":[],"policy":"{\n    \"Version\": \"2012-10-17\",\n    \"Statement\": [\n        {\n            \"Sid\": \"AWSCloudTrailAclCheck\",\n            \"Effect\": \"Allow\",\n            \"Principal\": {\n              \"Service\": \"cloudtrail.amazonaws.com\"\n            },\n            \"Action\": \"s3:GetBucketAcl\",\n            \"Resource\": \"arn:aws:s3:::cloudtrail-logs-default-encryption\"\n        },\n        {\n            \"Sid\": \"AWSCloudTrailWrite\",\n            \"Effect\": \"Allow\",\n            \"Principal\": {\n              \"Service\": \"cloudtrail.amazonaws.com\"\n            },\n            \"Action\": \"s3:PutObject\",\n            \"Resource\": \"arn:aws:s3:::cloudtrail-logs-default-encryption/prefix/AWSLogs/module.test_module.data.aws_caller_identity.current.account_id/*\",\n            \"Condition\": {\n                \"StringEquals\": {\n                    \"s3:x-amz-acl\": \"bucket-owner-full-control\"\n                }\n            }\n        }\n    ]\n}\n","replication_configuration":[],"server_side_encryption_configuration":[],"tags":null,"website":[]},"after_unknown":{"acceleration_status":true,"arn":true,"bucket_domain_name":true,"bucket_regional_domain_name":true,"cors_rule":[],"grant":[],"hosted_zone_id":true,"id":true,"lifecycle_rule":[],"logging":[],"object_lock_configuration":[],"region":true,"replication_configuration":[],"request_payer":true,"server_side_encryption_configuration":[],"versioning":true,"website":[],"website_domain":true,"website_endpoint":true}}},{"address":"module.test_module.data.aws_caller_identity.current","module_address":"module.test_module","mode":"data","type":"aws_caller_identity","name":"current","provider_name":"aws","change":{"actions":["read"],"before":null,"after":{},"after_unknown":{"account_id":true,"arn":true,"id":true,"user_id":true}}}],"configuration":{"provider_config":{"aws":{"name":"aws","version_constraint":"2.70.0","expressions":{"region":{"constant_value":"us-east-1"}}},"test_module:aws":{"name":"aws","module_address":"test_module","expressions":{"region":{"constant_value":"us-east-1"}}}},"root_module":{"module_calls":{"test_module":{"source":"./cloudtrail/non_encrypted","module":{"resources":[{"address":"aws_cloudtrail.foobar","mode":"managed","type":"aws_cloudtrail","name":"foobar","provider_config_key":"test_module:aws","expressions":{"include_global_service_events":{"constant_value":false},"name":{"references":["local.name"]},"s3_bucket_name":{"references":["aws_s3_bucket.foo"]},"s3_key_prefix":{"constant_value":"prefix"}},"schema_version":0,"raw_data":{"FileName":"cloudtrail/non_encrypted/main.tf","StartLine":11,"EndLine":16}},{"address":"aws_s3_bucket.foo","mode":"managed","type":"aws_s3_bucket","name":"foo","provider_config_key":"test_module:aws","expressions":{"bucket":{"references":["local.name"]},"force_destroy":{"constant_value":true},"policy":{"references":["local.name","local.name","data.aws_caller_identity.current"]}},"schema_version":0,"raw_data":{"FileName":"cloudtrail/non_encrypted/main.tf","StartLine":18,"EndLine":52}},{"address":"data.aws_caller_identity.current","mode":"data","type":"aws_caller_identity","name":"current","provider_config_key":"test_module:aws","schema_version":0,"raw_data":{"FileName":"cloudtrail/non_encrypted/main.tf","StartLine":9,"EndLine":9}}]},"raw_data":{"FileName":"main.tf","StartLine":7,"EndLine":9}}}}}}
