{"format_version":"0.1","terraform_version":"0.12.29","planned_values":{"root_module":{"resources":[{"address":"aws_instance.ec2","mode":"managed","type":"aws_instance","name":"ec2","provider_name":"aws","schema_version":1,"values":{"ami":"ami-0f593aebffc0070e1","credit_specification":[],"disable_api_termination":null,"ebs_optimized":null,"get_password_data":false,"hibernation":null,"iam_instance_profile":null,"instance_initiated_shutdown_behavior":null,"instance_type":"t2.micro","monitoring":null,"source_dest_check":true,"subnet_id":"aws_subnet.subnet.id","tags":null,"timeouts":null,"user_data":null,"user_data_base64":null,"volume_tags":null,"vpc_security_group_ids":["aws_security_group.default.id"]}},{"address":"aws_security_group.default","mode":"managed","type":"aws_security_group","name":"default","provider_name":"aws","schema_version":1,"values":{"description":"Allow TLS inbound traffic","egress":[{"cidr_blocks":["0.0.0.0/0"],"description":"this is an egress rule for something else....","from_port":0,"ipv6_cidr_blocks":[],"prefix_list_ids":[],"protocol":"-1","security_groups":[],"self":false,"to_port":0}],"ingress":[{"cidr_blocks":["10.0.0.0/24"],"description":"This is an inbound rule for something....","from_port":443,"ipv6_cidr_blocks":[],"prefix_list_ids":[],"protocol":"tcp","security_groups":[],"self":false,"to_port":443}],"name":"examplerulename","name_prefix":null,"revoke_rules_on_delete":false,"tags":{"Name":"example_rule_with_descriptions"},"timeouts":null,"vpc_id":"aws_vpc.vpc.id"}},{"address":"aws_subnet.subnet","mode":"managed","type":"aws_subnet","name":"subnet","provider_name":"aws","schema_version":1,"values":{"assign_ipv6_address_on_creation":false,"cidr_block":"10.0.0.0/24","ipv6_cidr_block":null,"map_public_ip_on_launch":false,"outpost_arn":null,"tags":null,"timeouts":null,"vpc_id":"aws_vpc.vpc.id"}},{"address":"aws_vpc.vpc","mode":"managed","type":"aws_vpc","name":"vpc","provider_name":"aws","schema_version":1,"values":{"assign_generated_ipv6_cidr_block":false,"cidr_block":"10.0.0.0/24","enable_dns_support":true,"instance_tenancy":"default","tags":null}}]}},"resource_changes":[{"address":"aws_instance.ec2","mode":"managed","type":"aws_instance","name":"ec2","provider_name":"aws","change":{"actions":["create"],"before":null,"after":{"ami":"ami-0f593aebffc0070e1","credit_specification":[],"disable_api_termination":null,"ebs_optimized":null,"get_password_data":false,"hibernation":null,"iam_instance_profile":null,"instance_initiated_shutdown_behavior":null,"instance_type":"t2.micro","monitoring":null,"source_dest_check":true,"subnet_id":"aws_subnet.subnet.id","tags":null,"timeouts":null,"user_data":null,"user_data_base64":null,"volume_tags":null,"vpc_security_group_ids":["aws_security_group.default.id"]},"after_unknown":{"arn":true,"associate_public_ip_address":true,"availability_zone":true,"cpu_core_count":true,"cpu_threads_per_core":true,"credit_specification":[],"ebs_block_device":true,"enclave_options":true,"ephemeral_block_device":true,"host_id":true,"id":true,"instance_state":true,"ipv6_address_count":true,"ipv6_addresses":true,"key_name":true,"metadata_options":true,"network_interface":true,"outpost_arn":true,"password_data":true,"placement_group":true,"primary_network_interface_id":true,"private_dns":true,"private_ip":true,"public_dns":true,"public_ip":true,"root_block_device":true,"secondary_private_ips":true,"security_groups":true,"tenancy":true,"vpc_security_group_ids":[false]}}},{"address":"aws_security_group.default","mode":"managed","type":"aws_security_group","name":"default","provider_name":"aws","change":{"actions":["create"],"before":null,"after":{"description":"Allow TLS inbound traffic","egress":[{"cidr_blocks":["0.0.0.0/0"],"description":"this is an egress rule for something else....","from_port":0,"ipv6_cidr_blocks":[],"prefix_list_ids":[],"protocol":"-1","security_groups":[],"self":false,"to_port":0}],"ingress":[{"cidr_blocks":["10.0.0.0/24"],"description":"This is an inbound rule for something....","from_port":443,"ipv6_cidr_blocks":[],"prefix_list_ids":[],"protocol":"tcp","security_groups":[],"self":false,"to_port":443}],"name":"examplerulename","name_prefix":null,"revoke_rules_on_delete":false,"tags":{"Name":"example_rule_with_descriptions"},"timeouts":null,"vpc_id":"aws_vpc.vpc.id"},"after_unknown":{"arn":true,"egress":[{"cidr_blocks":[false],"ipv6_cidr_blocks":[],"prefix_list_ids":[],"security_groups":[]}],"id":true,"ingress":[{"cidr_blocks":[false],"ipv6_cidr_blocks":[],"prefix_list_ids":[],"security_groups":[]}],"owner_id":true,"tags":{}}}},{"address":"aws_subnet.subnet","mode":"managed","type":"aws_subnet","name":"subnet","provider_name":"aws","change":{"actions":["create"],"before":null,"after":{"assign_ipv6_address_on_creation":false,"cidr_block":"10.0.0.0/24","ipv6_cidr_block":null,"map_public_ip_on_launch":false,"outpost_arn":null,"tags":null,"timeouts":null,"vpc_id":"aws_vpc.vpc.id"},"after_unknown":{"arn":true,"availability_zone":true,"availability_zone_id":true,"id":true,"ipv6_cidr_block_association_id":true,"owner_id":true}}},{"address":"aws_vpc.vpc","mode":"managed","type":"aws_vpc","name":"vpc","provider_name":"aws","change":{"actions":["create"],"before":null,"after":{"assign_generated_ipv6_cidr_block":false,"cidr_block":"10.0.0.0/24","enable_dns_support":true,"instance_tenancy":"default","tags":null},"after_unknown":{"arn":true,"default_network_acl_id":true,"default_route_table_id":true,"default_security_group_id":true,"dhcp_options_id":true,"enable_classiclink":true,"enable_classiclink_dns_support":true,"enable_dns_hostnames":true,"id":true,"ipv6_association_id":true,"ipv6_cidr_block":true,"main_route_table_id":true,"owner_id":true}}}],"prior_state":{"format_version":"0.1","terraform_version":"0.12.29","values":{"root_module":{"resources":[{"address":"data.aws_ami.ubuntu","mode":"data","type":"aws_ami","name":"ubuntu","provider_name":"aws","schema_version":0,"values":{"architecture":"x86_64","arn":"arn:aws:ec2:us-east-1::image/ami-0f593aebffc0070e1","block_device_mappings":[{"device_name":"/dev/sda1","ebs":{"delete_on_termination":"true","encrypted":"false","iops":"0","snapshot_id":"snap-00bfc86e45c7f867a","volume_size":"8","volume_type":"gp2"},"no_device":"","virtual_name":""},{"device_name":"/dev/sdb","ebs":{},"no_device":"","virtual_name":"ephemeral0"},{"device_name":"/dev/sdc","ebs":{},"no_device":"","virtual_name":"ephemeral1"}],"creation_date":"2021-01-20T18:29:36.000Z","description":"Canonical, Ubuntu, 16.04 LTS, amd64 xenial image build on 2021-01-19","executable_users":null,"filter":[{"name":"name","values":["ubuntu/images/hvm-ssd/ubuntu-xenial-16.04-amd64-server-*"]},{"name":"virtualization-type","values":["hvm"]}],"hypervisor":"xen","id":"ami-0f593aebffc0070e1","image_id":"ami-0f593aebffc0070e1","image_location":"099720109477/ubuntu/images/hvm-ssd/ubuntu-xenial-16.04-amd64-server-20210119","image_owner_alias":null,"image_type":"machine","kernel_id":null,"most_recent":true,"name":"ubuntu/images/hvm-ssd/ubuntu-xenial-16.04-amd64-server-20210119","name_regex":null,"owner_id":"099720109477","owners":["099720109477"],"platform":null,"product_codes":[],"public":true,"ramdisk_id":null,"root_device_name":"/dev/sda1","root_device_type":"ebs","root_snapshot_id":"snap-00bfc86e45c7f867a","sriov_net_support":"simple","state":"available","state_reason":{"code":"UNSET","message":"UNSET"},"tags":{},"virtualization_type":"hvm"}}]}}},"configuration":{"provider_config":{"aws":{"name":"aws","expressions":{"region":{"constant_value":"us-east-1"}}}},"root_module":{"resources":[{"address":"aws_instance.ec2","mode":"managed","type":"aws_instance","name":"ec2","provider_config_key":"aws","expressions":{"ami":{"references":["data.aws_ami.ubuntu"]},"instance_type":{"constant_value":"t2.micro"},"subnet_id":{"references":["aws_subnet.subnet"]},"vpc_security_group_ids":{"references":["aws_security_group.default"]}},"schema_version":1,"raw_data":{"FileName":"main.tf","StartLine":64,"EndLine":70}},{"address":"aws_security_group.default","mode":"managed","type":"aws_security_group","name":"default","provider_config_key":"aws","expressions":{"description":{"constant_value":"Allow TLS inbound traffic"},"name":{"constant_value":"examplerulename"},"tags":{"constant_value":{"Name":"example_rule_with_descriptions"}},"vpc_id":{"references":["aws_vpc.vpc"]}},"schema_version":1,"raw_data":{"FileName":"main.tf","StartLine":15,"EndLine":39}},{"address":"aws_subnet.subnet","mode":"managed","type":"aws_subnet","name":"subnet","provider_config_key":"aws","expressions":{"cidr_block":{"references":["local.cidr_block"]},"vpc_id":{"references":["aws_vpc.vpc"]}},"schema_version":1,"raw_data":{"FileName":"main.tf","StartLine":41,"EndLine":45}},{"address":"aws_vpc.vpc","mode":"managed","type":"aws_vpc","name":"vpc","provider_config_key":"aws","expressions":{"cidr_block":{"references":["local.cidr_block"]}},"schema_version":1,"raw_data":{"FileName":"main.tf","StartLine":10,"EndLine":13}},{"address":"data.aws_ami.ubuntu","mode":"data","type":"aws_ami","name":"ubuntu","provider_config_key":"aws","expressions":{"filter":[{"name":{"constant_value":"name"},"values":{"constant_value":["ubuntu/images/hvm-ssd/ubuntu-xenial-16.04-amd64-server-*"]}},{"name":{"constant_value":"virtualization-type"},"values":{"constant_value":["hvm"]}}],"most_recent":{"constant_value":true},"owners":{"constant_value":["099720109477"]}},"schema_version":0,"raw_data":{"FileName":"main.tf","StartLine":48,"EndLine":62}}]}}}
