{
  "format_version": "0.1",
  "terraform_version": "0.13.4",
  "planned_values": {
    "outputs": {
      "azs": {
        "sensitive": false,
        "value": [
          "us-east-1a",
          "us-east-1b",
          "us-east-1c",
          "us-east-1d",
          "us-east-1e",
          "us-east-1f"
        ]
      },
      "cgw_arns": {
        "sensitive": false,
        "value": []
      },
      "cgw_ids": {
        "sensitive": false,
        "value": []
      },
      "database_internet_gateway_route_id": {
        "sensitive": false,
        "value": ""
      },
      "database_ipv6_egress_route_id": {
        "sensitive": false,
        "value": ""
      },
      "database_nat_gateway_route_ids": {
        "sensitive": false,
        "value": []
      },
      "database_network_acl_arn": {
        "sensitive": false,
        "value": ""
      },
      "database_network_acl_id": {
        "sensitive": false,
        "value": ""
      },
      "database_route_table_association_ids": {
        "sensitive": false,
        "value": []
      },
      "database_route_table_ids": {
        "sensitive": false,
        "value": [
          "module.vpc.aws_route_table.private[0].id"
        ]
      },
      "database_subnet_arns": {
        "sensitive": false,
        "value": []
      },
      "database_subnet_group": {
        "sensitive": false,
        "value": ""
      },
      "database_subnet_group_name": {
        "sensitive": false,
        "value": ""
      },
      "database_subnets": {
        "sensitive": false,
        "value": []
      },
      "database_subnets_cidr_blocks": {
        "sensitive": false,
        "value": []
      },
      "database_subnets_ipv6_cidr_blocks": {
        "sensitive": false,
        "value": []
      },
      "default_network_acl_id": {
        "sensitive": false,
        "value": "module.vpc.aws_vpc.this[0].default_network_acl_id"
      },
      "default_route_table_id": {
        "sensitive": false,
        "value": "module.vpc.aws_vpc.this[0].default_route_table_id"
      },
      "default_security_group_id": {
        "sensitive": false,
        "value": "module.vpc.aws_vpc.this[0].default_security_group_id"
      },
      "default_vpc_arn": {
        "sensitive": false,
        "value": ""
      },
      "default_vpc_cidr_block": {
        "sensitive": false,
        "value": ""
      },
      "default_vpc_default_network_acl_id": {
        "sensitive": false,
        "value": ""
      },
      "default_vpc_default_route_table_id": {
        "sensitive": false,
        "value": ""
      },
      "default_vpc_default_security_group_id": {
        "sensitive": false,
        "value": ""
      },
      "default_vpc_enable_dns_hostnames": {
        "sensitive": false,
        "value": ""
      },
      "default_vpc_enable_dns_support": {
        "sensitive": false,
        "value": ""
      },
      "default_vpc_id": {
        "sensitive": false,
        "value": ""
      },
      "default_vpc_instance_tenancy": {
        "sensitive": false,
        "value": ""
      },
      "default_vpc_main_route_table_id": {
        "sensitive": false,
        "value": ""
      },
      "egress_only_internet_gateway_id": {
        "sensitive": false,
        "value": ""
      },
      "elasticache_network_acl_arn": {
        "sensitive": false,
        "value": ""
      },
      "elasticache_network_acl_id": {
        "sensitive": false,
        "value": ""
      },
      "elasticache_route_table_association_ids": {
        "sensitive": false,
        "value": []
      },
      "elasticache_route_table_ids": {
        "sensitive": false,
        "value": [
          "module.vpc.aws_route_table.private[0].id"
        ]
      },
      "elasticache_subnet_arns": {
        "sensitive": false,
        "value": []
      },
      "elasticache_subnet_group": {
        "sensitive": false,
        "value": ""
      },
      "elasticache_subnet_group_name": {
        "sensitive": false,
        "value": ""
      },
      "elasticache_subnets": {
        "sensitive": false,
        "value": []
      },
      "elasticache_subnets_cidr_blocks": {
        "sensitive": false,
        "value": []
      },
      "elasticache_subnets_ipv6_cidr_blocks": {
        "sensitive": false,
        "value": []
      },
      "igw_arn": {
        "sensitive": false,
        "value": "module.vpc.aws_internet_gateway.this[0].arn"
      },
      "igw_id": {
        "sensitive": false,
        "value": "module.vpc.aws_internet_gateway.this[0].id"
      },
      "intra_network_acl_arn": {
        "sensitive": false,
        "value": ""
      },
      "intra_network_acl_id": {
        "sensitive": false,
        "value": ""
      },
      "intra_route_table_association_ids": {
        "sensitive": false,
        "value": []
      },
      "intra_route_table_ids": {
        "sensitive": false,
        "value": []
      },
      "intra_subnet_arns": {
        "sensitive": false,
        "value": []
      },
      "intra_subnets": {
        "sensitive": false,
        "value": []
      },
      "intra_subnets_cidr_blocks": {
        "sensitive": false,
        "value": []
      },
      "intra_subnets_ipv6_cidr_blocks": {
        "sensitive": false,
        "value": []
      },
      "name": {
        "sensitive": false,
        "value": ""
      },
      "nat_ids": {
        "sensitive": false,
        "value": [
          "module.vpc.aws_eip.nat[0].id"
        ]
      },
      "nat_public_ips": {
        "sensitive": false,
        "value": [
          "module.vpc.aws_eip.nat[0].public_ip"
        ]
      },
      "natgw_ids": {
        "sensitive": false,
        "value": [
          "module.vpc.aws_nat_gateway.this[0].id"
        ]
      },
      "private_ipv6_egress_route_ids": {
        "sensitive": false,
        "value": []
      },
      "private_nat_gateway_route_ids": {
        "sensitive": false,
        "value": [
          "module.vpc.aws_route.private_nat_gateway[0].id"
        ]
      },
      "private_network_acl_arn": {
        "sensitive": false,
        "value": ""
      },
      "private_network_acl_id": {
        "sensitive": false,
        "value": ""
      },
      "private_route_table_association_ids": {
        "sensitive": false,
        "value": [
          "module.vpc.aws_route_table_association.private[0].id"
        ]
      },
      "private_route_table_ids": {
        "sensitive": false,
        "value": [
          "module.vpc.aws_route_table.private[0].id"
        ]
      },
      "private_subnet_arns": {
        "sensitive": false,
        "value": [
          "module.vpc.aws_subnet.private[0].arn"
        ]
      },
      "private_subnets": {
        "sensitive": false,
        "value": [
          "module.vpc.aws_subnet.private[0].id"
        ]
      },
      "private_subnets_cidr_blocks": {
        "sensitive": false,
        "value": [
          "192.168.10.0/24"
        ]
      },
      "private_subnets_ipv6_cidr_blocks": {
        "sensitive": false,
        "value": [
          null
        ]
      },
      "public_internet_gateway_ipv6_route_id": {
        "sensitive": false,
        "value": ""
      },
      "public_internet_gateway_route_id": {
        "sensitive": false,
        "value": "module.vpc.aws_route.public_internet_gateway[0].id"
      },
      "public_network_acl_arn": {
        "sensitive": false,
        "value": ""
      },
      "public_network_acl_id": {
        "sensitive": false,
        "value": ""
      },
      "public_route_table_association_ids": {
        "sensitive": false,
        "value": [
          "module.vpc.aws_route_table_association.public[0].id"
        ]
      },
      "public_route_table_ids": {
        "sensitive": false,
        "value": [
          "module.vpc.aws_route_table.public[0].id"
        ]
      },
      "public_subnet_arns": {
        "sensitive": false,
        "value": [
          "module.vpc.aws_subnet.public[0].arn"
        ]
      },
      "public_subnets": {
        "sensitive": false,
        "value": [
          "module.vpc.aws_subnet.public[0].id"
        ]
      },
      "public_subnets_cidr_blocks": {
        "sensitive": false,
        "value": [
          "192.168.1.0/24"
        ]
      },
      "public_subnets_ipv6_cidr_blocks": {
        "sensitive": false,
        "value": [
          null
        ]
      },
      "redshift_network_acl_arn": {
        "sensitive": false,
        "value": ""
      },
      "redshift_network_acl_id": {
        "sensitive": false,
        "value": ""
      },
      "redshift_public_route_table_association_ids": {
        "sensitive": false,
        "value": []
      },
      "redshift_route_table_association_ids": {
        "sensitive": false,
        "value": []
      },
      "redshift_route_table_ids": {
        "sensitive": false,
        "value": [
          "module.vpc.aws_route_table.private[0].id"
        ]
      },
      "redshift_subnet_arns": {
        "sensitive": false,
        "value": []
      },
      "redshift_subnet_group": {
        "sensitive": false,
        "value": ""
      },
      "redshift_subnets": {
        "sensitive": false,
        "value": []
      },
      "redshift_subnets_cidr_blocks": {
        "sensitive": false,
        "value": []
      },
      "redshift_subnets_ipv6_cidr_blocks": {
        "sensitive": false,
        "value": []
      },
      "this_customer_gateway": {
        "sensitive": false,
        "value": {}
      },
      "vgw_arn": {
        "sensitive": false,
        "value": ""
      },
      "vgw_id": {
        "sensitive": false,
        "value": ""
      },
      "vpc_arn": {
        "sensitive": false,
        "value": "module.vpc.aws_vpc.this[0].arn"
      },
      "vpc_cidr_block": {
        "sensitive": false,
        "value": "192.168.0.0/16"
      },
      "vpc_enable_dns_hostnames": {
        "sensitive": false,
        "value": true
      },
      "vpc_enable_dns_support": {
        "sensitive": false,
        "value": true
      },
      "vpc_endpoint_access_analyzer_dns_entry": {
        "sensitive": false,
        "value": []
      },
      "vpc_endpoint_access_analyzer_id": {
        "sensitive": false,
        "value": ""
      },
      "vpc_endpoint_access_analyzer_network_interface_ids": {
        "sensitive": false,
        "value": []
      },
      "vpc_endpoint_acm_pca_dns_entry": {
        "sensitive": false,
        "value": []
      },
      "vpc_endpoint_acm_pca_id": {
        "sensitive": false,
        "value": ""
      },
      "vpc_endpoint_acm_pca_network_interface_ids": {
        "sensitive": false,
        "value": []
      },
      "vpc_endpoint_apigw_dns_entry": {
        "sensitive": false,
        "value": []
      },
      "vpc_endpoint_apigw_id": {
        "sensitive": false,
        "value": ""
      },
      "vpc_endpoint_apigw_network_interface_ids": {
        "sensitive": false,
        "value": []
      },
      "vpc_endpoint_appmesh_envoy_management_dns_entry": {
        "sensitive": false,
        "value": []
      },
      "vpc_endpoint_appmesh_envoy_management_id": {
        "sensitive": false,
        "value": ""
      },
      "vpc_endpoint_appmesh_envoy_management_network_interface_ids": {
        "sensitive": false,
        "value": []
      },
      "vpc_endpoint_appstream_api_dns_entry": {
        "sensitive": false,
        "value": []
      },
      "vpc_endpoint_appstream_api_id": {
        "sensitive": false,
        "value": ""
      },
      "vpc_endpoint_appstream_api_network_interface_ids": {
        "sensitive": false,
        "value": []
      },
      "vpc_endpoint_appstream_streaming_dns_entry": {
        "sensitive": false,
        "value": []
      },
      "vpc_endpoint_appstream_streaming_id": {
        "sensitive": false,
        "value": ""
      },
      "vpc_endpoint_appstream_streaming_network_interface_ids": {
        "sensitive": false,
        "value": []
      },
      "vpc_endpoint_athena_dns_entry": {
        "sensitive": false,
        "value": []
      },
      "vpc_endpoint_athena_id": {
        "sensitive": false,
        "value": ""
      },
      "vpc_endpoint_athena_network_interface_ids": {
        "sensitive": false,
        "value": []
      },
      "vpc_endpoint_auto_scaling_plans_dns_entry": {
        "sensitive": false,
        "value": []
      },
      "vpc_endpoint_auto_scaling_plans_id": {
        "sensitive": false,
        "value": ""
      },
      "vpc_endpoint_auto_scaling_plans_network_interface_ids": {
        "sensitive": false,
        "value": []
      },
      "vpc_endpoint_cloud_directory_dns_entry": {
        "sensitive": false,
        "value": []
      },
      "vpc_endpoint_cloud_directory_id": {
        "sensitive": false,
        "value": ""
      },
      "vpc_endpoint_cloud_directory_network_interface_ids": {
        "sensitive": false,
        "value": []
      },
      "vpc_endpoint_cloudformation_dns_entry": {
        "sensitive": false,
        "value": []
      },
      "vpc_endpoint_cloudformation_id": {
        "sensitive": false,
        "value": ""
      },
      "vpc_endpoint_cloudformation_network_interface_ids": {
        "sensitive": false,
        "value": []
      },
      "vpc_endpoint_cloudtrail_dns_entry": {
        "sensitive": false,
        "value": []
      },
      "vpc_endpoint_cloudtrail_id": {
        "sensitive": false,
        "value": ""
      },
      "vpc_endpoint_cloudtrail_network_interface_ids": {
        "sensitive": false,
        "value": []
      },
      "vpc_endpoint_codeartifact_api_dns_entry": {
        "sensitive": false,
        "value": []
      },
      "vpc_endpoint_codeartifact_api_id": {
        "sensitive": false,
        "value": ""
      },
      "vpc_endpoint_codeartifact_api_network_interface_ids": {
        "sensitive": false,
        "value": []
      },
      "vpc_endpoint_codeartifact_repositories_dns_entry": {
        "sensitive": false,
        "value": []
      },
      "vpc_endpoint_codeartifact_repositories_id": {
        "sensitive": false,
        "value": ""
      },
      "vpc_endpoint_codeartifact_repositories_network_interface_ids": {
        "sensitive": false,
        "value": []
      },
      "vpc_endpoint_codebuild_dns_entry": {
        "sensitive": false,
        "value": []
      },
      "vpc_endpoint_codebuild_id": {
        "sensitive": false,
        "value": ""
      },
      "vpc_endpoint_codebuild_network_interface_ids": {
        "sensitive": false,
        "value": []
      },
      "vpc_endpoint_codecommit_dns_entry": {
        "sensitive": false,
        "value": []
      },
      "vpc_endpoint_codecommit_id": {
        "sensitive": false,
        "value": ""
      },
      "vpc_endpoint_codecommit_network_interface_ids": {
        "sensitive": false,
        "value": []
      },
      "vpc_endpoint_codepipeline_dns_entry": {
        "sensitive": false,
        "value": []
      },
      "vpc_endpoint_codepipeline_id": {
        "sensitive": false,
        "value": ""
      },
      "vpc_endpoint_codepipeline_network_interface_ids": {
        "sensitive": false,
        "value": []
      },
      "vpc_endpoint_config_dns_entry": {
        "sensitive": false,
        "value": []
      },
      "vpc_endpoint_config_id": {
        "sensitive": false,
        "value": ""
      },
      "vpc_endpoint_config_network_interface_ids": {
        "sensitive": false,
        "value": []
      },
      "vpc_endpoint_datasync_dns_entry": {
        "sensitive": false,
        "value": []
      },
      "vpc_endpoint_datasync_id": {
        "sensitive": false,
        "value": ""
      },
      "vpc_endpoint_datasync_network_interface_ids": {
        "sensitive": false,
        "value": []
      },
      "vpc_endpoint_dms_dns_entry": {
        "sensitive": false,
        "value": []
      },
      "vpc_endpoint_dms_id": {
        "sensitive": false,
        "value": ""
      },
      "vpc_endpoint_dms_network_interface_ids": {
        "sensitive": false,
        "value": []
      },
      "vpc_endpoint_dynamodb_id": {
        "sensitive": false,
        "value": ""
      },
      "vpc_endpoint_dynamodb_pl_id": {
        "sensitive": false,
        "value": ""
      },
      "vpc_endpoint_ebs_dns_entry": {
        "sensitive": false,
        "value": []
      },
      "vpc_endpoint_ebs_id": {
        "sensitive": false,
        "value": ""
      },
      "vpc_endpoint_ebs_network_interface_ids": {
        "sensitive": false,
        "value": []
      },
      "vpc_endpoint_ec2_autoscaling_dns_entry": {
        "sensitive": false,
        "value": []
      },
      "vpc_endpoint_ec2_autoscaling_id": {
        "sensitive": false,
        "value": ""
      },
      "vpc_endpoint_ec2_autoscaling_network_interface_ids": {
        "sensitive": false,
        "value": []
      },
      "vpc_endpoint_ec2_dns_entry": {
        "sensitive": false,
        "value": []
      },
      "vpc_endpoint_ec2_id": {
        "sensitive": false,
        "value": ""
      },
      "vpc_endpoint_ec2_network_interface_ids": {
        "sensitive": false,
        "value": []
      },
      "vpc_endpoint_ec2messages_dns_entry": {
        "sensitive": false,
        "value": []
      },
      "vpc_endpoint_ec2messages_id": {
        "sensitive": false,
        "value": ""
      },
      "vpc_endpoint_ec2messages_network_interface_ids": {
        "sensitive": false,
        "value": []
      },
      "vpc_endpoint_ecr_api_dns_entry": {
        "sensitive": false,
        "value": []
      },
      "vpc_endpoint_ecr_api_id": {
        "sensitive": false,
        "value": ""
      },
      "vpc_endpoint_ecr_api_network_interface_ids": {
        "sensitive": false,
        "value": []
      },
      "vpc_endpoint_ecr_dkr_dns_entry": {
        "sensitive": false,
        "value": []
      },
      "vpc_endpoint_ecr_dkr_id": {
        "sensitive": false,
        "value": ""
      },
      "vpc_endpoint_ecr_dkr_network_interface_ids": {
        "sensitive": false,
        "value": []
      },
      "vpc_endpoint_ecs_agent_dns_entry": {
        "sensitive": false,
        "value": []
      },
      "vpc_endpoint_ecs_agent_id": {
        "sensitive": false,
        "value": ""
      },
      "vpc_endpoint_ecs_agent_network_interface_ids": {
        "sensitive": false,
        "value": []
      },
      "vpc_endpoint_ecs_dns_entry": {
        "sensitive": false,
        "value": []
      },
      "vpc_endpoint_ecs_id": {
        "sensitive": false,
        "value": ""
      },
      "vpc_endpoint_ecs_network_interface_ids": {
        "sensitive": false,
        "value": []
      },
      "vpc_endpoint_ecs_telemetry_dns_entry": {
        "sensitive": false,
        "value": []
      },
      "vpc_endpoint_ecs_telemetry_id": {
        "sensitive": false,
        "value": ""
      },
      "vpc_endpoint_ecs_telemetry_network_interface_ids": {
        "sensitive": false,
        "value": []
      },
      "vpc_endpoint_efs_dns_entry": {
        "sensitive": false,
        "value": []
      },
      "vpc_endpoint_efs_id": {
        "sensitive": false,
        "value": ""
      },
      "vpc_endpoint_efs_network_interface_ids": {
        "sensitive": false,
        "value": []
      },
      "vpc_endpoint_elastic_inference_runtime_dns_entry": {
        "sensitive": false,
        "value": []
      },
      "vpc_endpoint_elastic_inference_runtime_id": {
        "sensitive": false,
        "value": ""
      },
      "vpc_endpoint_elastic_inference_runtime_network_interface_ids": {
        "sensitive": false,
        "value": []
      },
      "vpc_endpoint_elasticbeanstalk_dns_entry": {
        "sensitive": false,
        "value": []
      },
      "vpc_endpoint_elasticbeanstalk_health_dns_entry": {
        "sensitive": false,
        "value": []
      },
      "vpc_endpoint_elasticbeanstalk_health_id": {
        "sensitive": false,
        "value": ""
      },
      "vpc_endpoint_elasticbeanstalk_health_network_interface_ids": {
        "sensitive": false,
        "value": []
      },
      "vpc_endpoint_elasticbeanstalk_id": {
        "sensitive": false,
        "value": ""
      },
      "vpc_endpoint_elasticbeanstalk_network_interface_ids": {
        "sensitive": false,
        "value": []
      },
      "vpc_endpoint_elasticloadbalancing_dns_entry": {
        "sensitive": false,
        "value": []
      },
      "vpc_endpoint_elasticloadbalancing_id": {
        "sensitive": false,
        "value": ""
      },
      "vpc_endpoint_elasticloadbalancing_network_interface_ids": {
        "sensitive": false,
        "value": []
      },
      "vpc_endpoint_elasticmapreduce_dns_entry": {
        "sensitive": false,
        "value": []
      },
      "vpc_endpoint_elasticmapreduce_id": {
        "sensitive": false,
        "value": ""
      },
      "vpc_endpoint_elasticmapreduce_network_interface_ids": {
        "sensitive": false,
        "value": []
      },
      "vpc_endpoint_events_dns_entry": {
        "sensitive": false,
        "value": []
      },
      "vpc_endpoint_events_id": {
        "sensitive": false,
        "value": ""
      },
      "vpc_endpoint_events_network_interface_ids": {
        "sensitive": false,
        "value": []
      },
      "vpc_endpoint_git_codecommit_dns_entry": {
        "sensitive": false,
        "value": []
      },
      "vpc_endpoint_git_codecommit_id": {
        "sensitive": false,
        "value": ""
      },
      "vpc_endpoint_git_codecommit_network_interface_ids": {
        "sensitive": false,
        "value": []
      },
      "vpc_endpoint_glue_dns_entry": {
        "sensitive": false,
        "value": []
      },
      "vpc_endpoint_glue_id": {
        "sensitive": false,
        "value": ""
      },
      "vpc_endpoint_glue_network_interface_ids": {
        "sensitive": false,
        "value": []
      },
      "vpc_endpoint_kinesis_firehose_dns_entry": {
        "sensitive": false,
        "value": []
      },
      "vpc_endpoint_kinesis_firehose_id": {
        "sensitive": false,
        "value": ""
      },
      "vpc_endpoint_kinesis_firehose_network_interface_ids": {
        "sensitive": false,
        "value": []
      },
      "vpc_endpoint_kinesis_streams_dns_entry": {
        "sensitive": false,
        "value": []
      },
      "vpc_endpoint_kinesis_streams_id": {
        "sensitive": false,
        "value": ""
      },
      "vpc_endpoint_kinesis_streams_network_interface_ids": {
        "sensitive": false,
        "value": []
      },
      "vpc_endpoint_kms_dns_entry": {
        "sensitive": false,
        "value": []
      },
      "vpc_endpoint_kms_id": {
        "sensitive": false,
        "value": ""
      },
      "vpc_endpoint_kms_network_interface_ids": {
        "sensitive": false,
        "value": []
      },
      "vpc_endpoint_lambda_dns_entry": {
        "sensitive": false,
        "value": []
      },
      "vpc_endpoint_lambda_id": {
        "sensitive": false,
        "value": ""
      },
      "vpc_endpoint_lambda_network_interface_ids": {
        "sensitive": false,
        "value": []
      },
      "vpc_endpoint_logs_dns_entry": {
        "sensitive": false,
        "value": []
      },
      "vpc_endpoint_logs_id": {
        "sensitive": false,
        "value": ""
      },
      "vpc_endpoint_logs_network_interface_ids": {
        "sensitive": false,
        "value": []
      },
      "vpc_endpoint_monitoring_dns_entry": {
        "sensitive": false,
        "value": []
      },
      "vpc_endpoint_monitoring_id": {
        "sensitive": false,
        "value": ""
      },
      "vpc_endpoint_monitoring_network_interface_ids": {
        "sensitive": false,
        "value": []
      },
      "vpc_endpoint_qldb_session_dns_entry": {
        "sensitive": false,
        "value": []
      },
      "vpc_endpoint_qldb_session_id": {
        "sensitive": false,
        "value": ""
      },
      "vpc_endpoint_qldb_session_network_interface_ids": {
        "sensitive": false,
        "value": []
      },
      "vpc_endpoint_rds_dns_entry": {
        "sensitive": false,
        "value": []
      },
      "vpc_endpoint_rds_id": {
        "sensitive": false,
        "value": ""
      },
      "vpc_endpoint_rds_network_interface_ids": {
        "sensitive": false,
        "value": []
      },
      "vpc_endpoint_rekognition_dns_entry": {
        "sensitive": false,
        "value": []
      },
      "vpc_endpoint_rekognition_id": {
        "sensitive": false,
        "value": ""
      },
      "vpc_endpoint_rekognition_network_interface_ids": {
        "sensitive": false,
        "value": []
      },
      "vpc_endpoint_s3_id": {
        "sensitive": false,
        "value": ""
      },
      "vpc_endpoint_s3_pl_id": {
        "sensitive": false,
        "value": ""
      },
      "vpc_endpoint_sagemaker_api_dns_entry": {
        "sensitive": false,
        "value": []
      },
      "vpc_endpoint_sagemaker_api_id": {
        "sensitive": false,
        "value": ""
      },
      "vpc_endpoint_sagemaker_api_network_interface_ids": {
        "sensitive": false,
        "value": []
      },
      "vpc_endpoint_sagemaker_runtime_dns_entry": {
        "sensitive": false,
        "value": []
      },
      "vpc_endpoint_sagemaker_runtime_id": {
        "sensitive": false,
        "value": ""
      },
      "vpc_endpoint_sagemaker_runtime_network_interface_ids": {
        "sensitive": false,
        "value": []
      },
      "vpc_endpoint_secretsmanager_dns_entry": {
        "sensitive": false,
        "value": []
      },
      "vpc_endpoint_secretsmanager_id": {
        "sensitive": false,
        "value": ""
      },
      "vpc_endpoint_secretsmanager_network_interface_ids": {
        "sensitive": false,
        "value": []
      },
      "vpc_endpoint_servicecatalog_dns_entry": {
        "sensitive": false,
        "value": []
      },
      "vpc_endpoint_servicecatalog_id": {
        "sensitive": false,
        "value": ""
      },
      "vpc_endpoint_servicecatalog_network_interface_ids": {
        "sensitive": false,
        "value": []
      },
      "vpc_endpoint_ses_dns_entry": {
        "sensitive": false,
        "value": []
      },
      "vpc_endpoint_ses_id": {
        "sensitive": false,
        "value": ""
      },
      "vpc_endpoint_ses_network_interface_ids": {
        "sensitive": false,
        "value": []
      },
      "vpc_endpoint_sms_dns_entry": {
        "sensitive": false,
        "value": []
      },
      "vpc_endpoint_sms_id": {
        "sensitive": false,
        "value": ""
      },
      "vpc_endpoint_sms_network_interface_ids": {
        "sensitive": false,
        "value": []
      },
      "vpc_endpoint_sns_dns_entry": {
        "sensitive": false,
        "value": []
      },
      "vpc_endpoint_sns_id": {
        "sensitive": false,
        "value": ""
      },
      "vpc_endpoint_sns_network_interface_ids": {
        "sensitive": false,
        "value": []
      },
      "vpc_endpoint_sqs_dns_entry": {
        "sensitive": false,
        "value": []
      },
      "vpc_endpoint_sqs_id": {
        "sensitive": false,
        "value": ""
      },
      "vpc_endpoint_sqs_network_interface_ids": {
        "sensitive": false,
        "value": []
      },
      "vpc_endpoint_ssm_dns_entry": {
        "sensitive": false,
        "value": []
      },
      "vpc_endpoint_ssm_id": {
        "sensitive": false,
        "value": ""
      },
      "vpc_endpoint_ssm_network_interface_ids": {
        "sensitive": false,
        "value": []
      },
      "vpc_endpoint_ssmmessages_dns_entry": {
        "sensitive": false,
        "value": []
      },
      "vpc_endpoint_ssmmessages_id": {
        "sensitive": false,
        "value": ""
      },
      "vpc_endpoint_ssmmessages_network_interface_ids": {
        "sensitive": false,
        "value": []
      },
      "vpc_endpoint_states_dns_entry": {
        "sensitive": false,
        "value": []
      },
      "vpc_endpoint_states_id": {
        "sensitive": false,
        "value": ""
      },
      "vpc_endpoint_states_network_interface_ids": {
        "sensitive": false,
        "value": []
      },
      "vpc_endpoint_storagegateway_dns_entry": {
        "sensitive": false,
        "value": []
      },
      "vpc_endpoint_storagegateway_id": {
        "sensitive": false,
        "value": ""
      },
      "vpc_endpoint_storagegateway_network_interface_ids": {
        "sensitive": false,
        "value": []
      },
      "vpc_endpoint_sts_dns_entry": {
        "sensitive": false,
        "value": []
      },
      "vpc_endpoint_sts_id": {
        "sensitive": false,
        "value": ""
      },
      "vpc_endpoint_sts_network_interface_ids": {
        "sensitive": false,
        "value": []
      },
      "vpc_endpoint_textract_dns_entry": {
        "sensitive": false,
        "value": []
      },
      "vpc_endpoint_textract_id": {
        "sensitive": false,
        "value": ""
      },
      "vpc_endpoint_textract_network_interface_ids": {
        "sensitive": false,
        "value": []
      },
      "vpc_endpoint_transfer_dns_entry": {
        "sensitive": false,
        "value": []
      },
      "vpc_endpoint_transfer_id": {
        "sensitive": false,
        "value": ""
      },
      "vpc_endpoint_transfer_network_interface_ids": {
        "sensitive": false,
        "value": []
      },
      "vpc_endpoint_transferserver_dns_entry": {
        "sensitive": false,
        "value": []
      },
      "vpc_endpoint_transferserver_id": {
        "sensitive": false,
        "value": ""
      },
      "vpc_endpoint_transferserver_network_interface_ids": {
        "sensitive": false,
        "value": []
      },
      "vpc_endpoint_workspaces_dns_entry": {
        "sensitive": false,
        "value": []
      },
      "vpc_endpoint_workspaces_id": {
        "sensitive": false,
        "value": ""
      },
      "vpc_endpoint_workspaces_network_interface_ids": {
        "sensitive": false,
        "value": []
      },
      "vpc_flow_log_cloudwatch_iam_role_arn": {
        "sensitive": false,
        "value": ""
      },
      "vpc_flow_log_destination_arn": {
        "sensitive": false,
        "value": ""
      },
      "vpc_flow_log_destination_type": {
        "sensitive": false,
        "value": "cloud-watch-logs"
      },
      "vpc_flow_log_id": {
        "sensitive": false,
        "value": ""
      },
      "vpc_id": {
        "sensitive": false,
        "value": "module.vpc.aws_vpc.this[0].id"
      },
      "vpc_instance_tenancy": {
        "sensitive": false,
        "value": "default"
      },
      "vpc_ipv6_association_id": {
        "sensitive": false,
        "value": "module.vpc.aws_vpc.this[0].ipv6_association_id"
      },
      "vpc_ipv6_cidr_block": {
        "sensitive": false
      },
      "vpc_main_route_table_id": {
        "sensitive": false,
        "value": "module.vpc.aws_vpc.this[0].main_route_table_id"
      },
      "vpc_owner_id": {
        "sensitive": false,
        "value": "module.vpc.aws_vpc.this[0].owner_id"
      },
      "vpc_secondary_cidr_blocks": {
        "sensitive": false,
        "value": []
      }
    },
    "root_module": {
      "resources": [
        {
          "address": "aws_emr_cluster.test",
          "mode": "managed",
          "type": "aws_emr_cluster",
          "name": "test",
          "provider_name": "registry.terraform.io/hashicorp/aws",
          "schema_version": 0,
          "values": {
            "additional_info": null,
            "applications": [
              "Spark"
            ],
            "autoscaling_role": null,
            "bootstrap_action": [],
            "configurations": null,
            "configurations_json": null,
            "core_instance_fleet": [],
            "core_instance_group": [
              {
                "autoscaling_policy": null,
                "bid_price": null,
                "ebs_config": [
                  {
                    "iops": null,
                    "size": 40,
                    "type": "gp2",
                    "volumes_per_instance": 1
                  }
                ],
                "id": null,
                "instance_count": 1,
                "instance_type": "c4.large",
                "name": null
              }
            ],
            "custom_ami_id": null,
            "ebs_root_volume_size": 100,
            "ec2_attributes": [
              {
                "additional_master_security_groups": null,
                "additional_slave_security_groups": null,
                "emr_managed_master_security_group": null,
                "emr_managed_slave_security_group": null,
                "instance_profile": "aws_iam_instance_profile.emr_profile.arn",
                "key_name": null,
                "service_access_security_group": null,
                "subnet_id": null,
                "subnet_ids": null
              }
            ],
            "kerberos_attributes": [],
            "log_uri": null,
            "master_instance_fleet": [],
            "master_instance_group": [
              {
                "bid_price": null,
                "ebs_config": [],
                "id": null,
                "instance_count": null,
                "instance_type": "m4.large",
                "name": null
              }
            ],
            "name": "emr-test",
            "release_label": "emr-4.6.0",
            "security_configuration": null,
            "service_role": "aws_iam_role.iam_emr_service_role.arn",
            "step_concurrency_level": 1,
            "tags": null,
            "visible_to_all_users": true
          }
        },
        {
          "address": "aws_iam_instance_profile.emr_profile",
          "mode": "managed",
          "type": "aws_iam_instance_profile",
          "name": "emr_profile",
          "provider_name": "registry.terraform.io/hashicorp/aws",
          "schema_version": 0,
          "values": {
            "name": "emr_profile",
            "name_prefix": null,
            "path": "/",
            "role": "iam_emr_profile_role",
            "tags": null
          }
        },
        {
          "address": "aws_iam_role.iam_emr_profile_role",
          "mode": "managed",
          "type": "aws_iam_role",
          "name": "iam_emr_profile_role",
          "provider_name": "registry.terraform.io/hashicorp/aws",
          "schema_version": 0,
          "values": {
            "assume_role_policy": "{\n  \"Version\": \"2008-10-17\",\n  \"Statement\": [\n    {\n      \"Sid\": \"\",\n      \"Effect\": \"Allow\",\n      \"Principal\": {\n        \"Service\": \"ec2.amazonaws.com\"\n      },\n      \"Action\": \"sts:AssumeRole\"\n    }\n  ]\n}\n",
            "description": null,
            "force_detach_policies": false,
            "inline_policy": [],
            "max_session_duration": 3600,
            "name": "iam_emr_profile_role",
            "name_prefix": null,
            "path": "/",
            "permissions_boundary": null,
            "tags": null
          }
        },
        {
          "address": "aws_iam_role.iam_emr_service_role",
          "mode": "managed",
          "type": "aws_iam_role",
          "name": "iam_emr_service_role",
          "provider_name": "registry.terraform.io/hashicorp/aws",
          "schema_version": 0,
          "values": {
            "assume_role_policy": "{\n  \"Version\": \"2008-10-17\",\n  \"Statement\": [\n    {\n      \"Sid\": \"\",\n      \"Effect\": \"Allow\",\n      \"Principal\": {\n        \"Service\": \"elasticmapreduce.amazonaws.com\"\n      },\n      \"Action\": \"sts:AssumeRole\"\n    }\n  ]\n}\n",
            "description": null,
            "force_detach_policies": false,
            "inline_policy": [],
            "max_session_duration": 3600,
            "name": "iam_emr_service_role",
            "name_prefix": null,
            "path": "/",
            "permissions_boundary": null,
            "tags": null
          }
        },
        {
          "address": "aws_iam_role_policy.iam_emr_profile_policy",
          "mode": "managed",
          "type": "aws_iam_role_policy",
          "name": "iam_emr_profile_policy",
          "provider_name": "registry.terraform.io/hashicorp/aws",
          "schema_version": 0,
          "values": {
            "name": "iam_emr_profile_policy",
            "name_prefix": null,
            "policy": "{\n    \"Version\": \"2012-10-17\",\n    \"Statement\": [{\n        \"Effect\": \"Allow\",\n        \"Resource\": \"*\",\n        \"Action\": [\n            \"cloudwatch:*\",\n            \"dynamodb:*\",\n            \"ec2:Describe*\",\n            \"elasticmapreduce:Describe*\",\n            \"elasticmapreduce:ListBootstrapActions\",\n            \"elasticmapreduce:ListClusters\",\n            \"elasticmapreduce:ListInstanceGroups\",\n            \"elasticmapreduce:ListInstances\",\n            \"elasticmapreduce:ListSteps\",\n            \"kinesis:CreateStream\",\n            \"kinesis:DeleteStream\",\n            \"kinesis:DescribeStream\",\n            \"kinesis:GetRecords\",\n            \"kinesis:GetShardIterator\",\n            \"kinesis:MergeShards\",\n            \"kinesis:PutRecord\",\n            \"kinesis:SplitShard\",\n            \"rds:Describe*\",\n            \"s3:*\",\n            \"sdb:*\",\n            \"sns:*\",\n            \"sqs:*\"\n        ]\n    }]\n}\n",
            "role": "aws_iam_role.iam_emr_profile_role.id"
          }
        },
        {
          "address": "aws_iam_role_policy.iam_emr_service_policy",
          "mode": "managed",
          "type": "aws_iam_role_policy",
          "name": "iam_emr_service_policy",
          "provider_name": "registry.terraform.io/hashicorp/aws",
          "schema_version": 0,
          "values": {
            "name": "iam_emr_service_policy",
            "name_prefix": null,
            "policy": "{\n    \"Version\": \"2012-10-17\",\n    \"Statement\": [{\n        \"Effect\": \"Allow\",\n        \"Resource\": \"*\",\n        \"Action\": [\n            \"ec2:AuthorizeSecurityGroupEgress\",\n            \"ec2:AuthorizeSecurityGroupIngress\",\n            \"ec2:CancelSpotInstanceRequests\",\n            \"ec2:CreateNetworkInterface\",\n            \"ec2:CreateSecurityGroup\",\n            \"ec2:CreateTags\",\n            \"ec2:DeleteNetworkInterface\",\n            \"ec2:DeleteSecurityGroup\",\n            \"ec2:DeleteTags\",\n            \"ec2:DescribeAvailabilityZones\",\n            \"ec2:DescribeAccountAttributes\",\n            \"ec2:DescribeDhcpOptions\",\n            \"ec2:DescribeInstanceStatus\",\n            \"ec2:DescribeInstances\",\n            \"ec2:DescribeKeyPairs\",\n            \"ec2:DescribeNetworkAcls\",\n            \"ec2:DescribeNetworkInterfaces\",\n            \"ec2:DescribePrefixLists\",\n            \"ec2:DescribeRouteTables\",\n            \"ec2:DescribeSecurityGroups\",\n            \"ec2:DescribeSpotInstanceRequests\",\n            \"ec2:DescribeSpotPriceHistory\",\n            \"ec2:DescribeSubnets\",\n            \"ec2:DescribeVpcAttribute\",\n            \"ec2:DescribeVpcEndpoints\",\n            \"ec2:DescribeVpcEndpointServices\",\n            \"ec2:DescribeVpcs\",\n            \"ec2:DetachNetworkInterface\",\n            \"ec2:ModifyImageAttribute\",\n            \"ec2:ModifyInstanceAttribute\",\n            \"ec2:RequestSpotInstances\",\n            \"ec2:RevokeSecurityGroupEgress\",\n            \"ec2:RunInstances\",\n            \"ec2:TerminateInstances\",\n            \"ec2:DeleteVolume\",\n            \"ec2:DescribeVolumeStatus\",\n            \"ec2:DescribeVolumes\",\n            \"ec2:DetachVolume\",\n            \"iam:GetRole\",\n            \"iam:GetRolePolicy\",\n            \"iam:ListInstanceProfiles\",\n            \"iam:ListRolePolicies\",\n            \"iam:PassRole\",\n            \"s3:CreateBucket\",\n            \"s3:Get*\",\n            \"s3:List*\",\n            \"sdb:BatchPutAttributes\",\n            \"sdb:Select\",\n            \"sqs:CreateQueue\",\n            \"sqs:Delete*\",\n            \"sqs:GetQueue*\",\n            \"sqs:PurgeQueue\",\n            \"sqs:ReceiveMessage\"\n        ]\n    }]\n}\n",
            "role": "aws_iam_role.iam_emr_service_role.id"
          }
        },
        {
          "address": "aws_security_group.additional_master_1",
          "mode": "managed",
          "type": "aws_security_group",
          "name": "additional_master_1",
          "provider_name": "registry.terraform.io/hashicorp/aws",
          "schema_version": 1,
          "values": {
            "description": "EMR master1 SG",
            "egress": [
              {
                "cidr_blocks": [
                  "0.0.0.0/0"
                ],
                "description": null,
                "from_port": 0,
                "ipv6_cidr_blocks": null,
                "prefix_list_ids": null,
                "protocol": "-1",
                "security_groups": null,
                "self": null,
                "to_port": 0
              }
            ],
            "ingress": [
              {
                "cidr_blocks": [
                  "0.0.0.0/0"
                ],
                "description": "Inbound",
                "from_port": 22,
                "ipv6_cidr_blocks": null,
                "prefix_list_ids": null,
                "protocol": "tcp",
                "security_groups": null,
                "self": null,
                "to_port": 22
              }
            ],
            "name": "emr_master1_sg",
            "revoke_rules_on_delete": false,
            "tags": null,
            "timeouts": null,
            "vpc_id": "module.vpc.aws_vpc.this[0].id"
          }
        },
        {
          "address": "aws_security_group.additional_master_2",
          "mode": "managed",
          "type": "aws_security_group",
          "name": "additional_master_2",
          "provider_name": "registry.terraform.io/hashicorp/aws",
          "schema_version": 1,
          "values": {
            "description": "EMR master2 SG",
            "egress": [
              {
                "cidr_blocks": [
                  "0.0.0.0/0"
                ],
                "description": null,
                "from_port": 0,
                "ipv6_cidr_blocks": null,
                "prefix_list_ids": null,
                "protocol": "-1",
                "security_groups": null,
                "self": null,
                "to_port": 0
              }
            ],
            "ingress": [
              {
                "cidr_blocks": [
                  "0.0.0.0/0"
                ],
                "description": "Inbound",
                "from_port": 22,
                "ipv6_cidr_blocks": null,
                "prefix_list_ids": null,
                "protocol": "tcp",
                "security_groups": null,
                "self": null,
                "to_port": 22
              }
            ],
            "name": "emr_master2_sg",
            "revoke_rules_on_delete": false,
            "tags": null,
            "timeouts": null,
            "vpc_id": "module.vpc.aws_vpc.this[0].id"
          }
        },
        {
          "address": "aws_security_group.additional_slave_1",
          "mode": "managed",
          "type": "aws_security_group",
          "name": "additional_slave_1",
          "provider_name": "registry.terraform.io/hashicorp/aws",
          "schema_version": 1,
          "values": {
            "description": "EMR slave1 SG",
            "egress": [
              {
                "cidr_blocks": [
                  "0.0.0.0/0"
                ],
                "description": null,
                "from_port": 0,
                "ipv6_cidr_blocks": null,
                "prefix_list_ids": null,
                "protocol": "-1",
                "security_groups": null,
                "self": null,
                "to_port": 0
              }
            ],
            "ingress": [
              {
                "cidr_blocks": [
                  "0.0.0.0/0"
                ],
                "description": "Inbound",
                "from_port": 22,
                "ipv6_cidr_blocks": null,
                "prefix_list_ids": null,
                "protocol": "tcp",
                "security_groups": null,
                "self": null,
                "to_port": 22
              }
            ],
            "name": "emr_slave1_sg",
            "revoke_rules_on_delete": false,
            "tags": null,
            "timeouts": null,
            "vpc_id": "module.vpc.aws_vpc.this[0].id"
          }
        },
        {
          "address": "aws_security_group.additional_slave_2",
          "mode": "managed",
          "type": "aws_security_group",
          "name": "additional_slave_2",
          "provider_name": "registry.terraform.io/hashicorp/aws",
          "schema_version": 1,
          "values": {
            "description": "EMR slave2 SG",
            "egress": [
              {
                "cidr_blocks": [
                  "0.0.0.0/0"
                ],
                "description": null,
                "from_port": 0,
                "ipv6_cidr_blocks": null,
                "prefix_list_ids": null,
                "protocol": "-1",
                "security_groups": null,
                "self": null,
                "to_port": 0
              }
            ],
            "ingress": [
              {
                "cidr_blocks": [
                  "0.0.0.0/0"
                ],
                "description": "Inbound",
                "from_port": 22,
                "ipv6_cidr_blocks": null,
                "prefix_list_ids": null,
                "protocol": "tcp",
                "security_groups": null,
                "self": null,
                "to_port": 22
              }
            ],
            "name": "emr_slave2_sg",
            "revoke_rules_on_delete": false,
            "tags": null,
            "timeouts": null,
            "vpc_id": "module.vpc.aws_vpc.this[0].id"
          }
        },
        {
          "address": "aws_security_group.emr_service",
          "mode": "managed",
          "type": "aws_security_group",
          "name": "emr_service",
          "provider_name": "registry.terraform.io/hashicorp/aws",
          "schema_version": 1,
          "values": {
            "description": "EMR service SG",
            "egress": [
              {
                "cidr_blocks": [
                  "0.0.0.0/0"
                ],
                "description": null,
                "from_port": 0,
                "ipv6_cidr_blocks": null,
                "prefix_list_ids": null,
                "protocol": "-1",
                "security_groups": null,
                "self": null,
                "to_port": 0
              }
            ],
            "ingress": [
              {
                "cidr_blocks": [
                  "0.0.0.0/0"
                ],
                "description": "Inbound",
                "from_port": 22,
                "ipv6_cidr_blocks": null,
                "prefix_list_ids": null,
                "protocol": "tcp",
                "security_groups": null,
                "self": null,
                "to_port": 22
              }
            ],
            "name": "emr_service_sg",
            "revoke_rules_on_delete": false,
            "tags": null,
            "timeouts": null,
            "vpc_id": "module.vpc.aws_vpc.this[0].id"
          }
        },
        {
          "address": "aws_security_group.master",
          "mode": "managed",
          "type": "aws_security_group",
          "name": "master",
          "provider_name": "registry.terraform.io/hashicorp/aws",
          "schema_version": 1,
          "values": {
            "description": "EMR master SG",
            "egress": [
              {
                "cidr_blocks": [
                  "0.0.0.0/0"
                ],
                "description": null,
                "from_port": 0,
                "ipv6_cidr_blocks": null,
                "prefix_list_ids": null,
                "protocol": "-1",
                "security_groups": null,
                "self": null,
                "to_port": 0
              }
            ],
            "ingress": [
              {
                "cidr_blocks": [
                  "0.0.0.0/0"
                ],
                "description": "Inbound",
                "from_port": 22,
                "ipv6_cidr_blocks": null,
                "prefix_list_ids": null,
                "protocol": "tcp",
                "security_groups": null,
                "self": null,
                "to_port": 22
              }
            ],
            "name": "emr_master_sg",
            "revoke_rules_on_delete": true,
            "tags": null,
            "timeouts": null,
            "vpc_id": "module.vpc.aws_vpc.this[0].id"
          }
        },
        {
          "address": "aws_security_group.slave",
          "mode": "managed",
          "type": "aws_security_group",
          "name": "slave",
          "provider_name": "registry.terraform.io/hashicorp/aws",
          "schema_version": 1,
          "values": {
            "description": "EMR slave SG",
            "egress": [
              {
                "cidr_blocks": [
                  "0.0.0.0/0"
                ],
                "description": null,
                "from_port": 0,
                "ipv6_cidr_blocks": null,
                "prefix_list_ids": null,
                "protocol": "-1",
                "security_groups": null,
                "self": null,
                "to_port": 0
              }
            ],
            "ingress": [
              {
                "cidr_blocks": [
                  "0.0.0.0/0"
                ],
                "description": "Inbound",
                "from_port": 22,
                "ipv6_cidr_blocks": null,
                "prefix_list_ids": null,
                "protocol": "tcp",
                "security_groups": null,
                "self": null,
                "to_port": 22
              }
            ],
            "name": "emr_slave_sg",
            "revoke_rules_on_delete": true,
            "tags": null,
            "timeouts": null,
            "vpc_id": "module.vpc.aws_vpc.this[0].id"
          }
        }
      ],
      "child_modules": [
        {
          "resources": [
            {
              "address": "module.vpc.aws_eip.nat[0]",
              "mode": "managed",
              "type": "aws_eip",
              "name": "nat",
              "index": 0,
              "provider_name": "registry.terraform.io/hashicorp/aws",
              "schema_version": 0,
              "values": {
                "address": null,
                "associate_with_private_ip": null,
                "customer_owned_ipv4_pool": null,
                "tags": {
                  "Name": "-us-east-1a"
                },
                "tags_all": {
                  "Name": "-us-east-1a"
                },
                "timeouts": null,
                "vpc": true
              }
            },
            {
              "address": "module.vpc.aws_internet_gateway.this[0]",
              "mode": "managed",
              "type": "aws_internet_gateway",
              "name": "this",
              "index": 0,
              "provider_name": "registry.terraform.io/hashicorp/aws",
              "schema_version": 0,
              "values": {
                "tags": {
                  "Name": ""
                },
                "tags_all": {},
                "vpc_id": "module.vpc.aws_vpc.this[0].id"
              }
            },
            {
              "address": "module.vpc.aws_nat_gateway.this[0]",
              "mode": "managed",
              "type": "aws_nat_gateway",
              "name": "this",
              "index": 0,
              "provider_name": "registry.terraform.io/hashicorp/aws",
              "schema_version": 0,
              "values": {
                "allocation_id": "module.vpc.aws_eip.nat[0].id",
                "connectivity_type": "public",
                "subnet_id": "module.vpc.aws_subnet.public[0].id",
                "tags": {
                  "Name": "-us-east-1a"
                },
                "tags_all": {
                  "Name": "-us-east-1a"
                }
              }
            },
            {
              "address": "module.vpc.aws_route.private_nat_gateway[0]",
              "mode": "managed",
              "type": "aws_route",
              "name": "private_nat_gateway",
              "index": 0,
              "provider_name": "registry.terraform.io/hashicorp/aws",
              "schema_version": 0,
              "values": {
                "carrier_gateway_id": null,
                "destination_cidr_block": "0.0.0.0/0",
                "destination_ipv6_cidr_block": null,
                "destination_prefix_list_id": null,
                "egress_only_gateway_id": null,
                "gateway_id": null,
                "local_gateway_id": null,
                "nat_gateway_id": "module.vpc.aws_nat_gateway.this[0].id",
                "route_table_id": "module.vpc.aws_route_table.private[0].id",
                "timeouts": {
                  "create": "5m",
                  "delete": null
                },
                "transit_gateway_id": null,
                "vpc_endpoint_id": null,
                "vpc_peering_connection_id": null
              }
            },
            {
              "address": "module.vpc.aws_route.public_internet_gateway[0]",
              "mode": "managed",
              "type": "aws_route",
              "name": "public_internet_gateway",
              "index": 0,
              "provider_name": "registry.terraform.io/hashicorp/aws",
              "schema_version": 0,
              "values": {
                "carrier_gateway_id": null,
                "destination_cidr_block": "0.0.0.0/0",
                "destination_ipv6_cidr_block": null,
                "destination_prefix_list_id": null,
                "egress_only_gateway_id": null,
                "gateway_id": "module.vpc.aws_internet_gateway.this[0].id",
                "local_gateway_id": null,
                "nat_gateway_id": null,
                "route_table_id": "module.vpc.aws_route_table.public[0].id",
                "timeouts": {
                  "create": "5m",
                  "delete": null
                },
                "transit_gateway_id": null,
                "vpc_endpoint_id": null,
                "vpc_peering_connection_id": null
              }
            },
            {
              "address": "module.vpc.aws_route_table.private[0]",
              "mode": "managed",
              "type": "aws_route_table",
              "name": "private",
              "index": 0,
              "provider_name": "registry.terraform.io/hashicorp/aws",
              "schema_version": 0,
              "values": {
                "tags": {
                  "Name": "-private-us-east-1a"
                },
                "tags_all": {
                  "Name": "-private-us-east-1a"
                },
                "vpc_id": "module.vpc.aws_vpc.this[0].id"
              }
            },
            {
              "address": "module.vpc.aws_route_table.public[0]",
              "mode": "managed",
              "type": "aws_route_table",
              "name": "public",
              "index": 0,
              "provider_name": "registry.terraform.io/hashicorp/aws",
              "schema_version": 0,
              "values": {
                "tags": {
                  "Name": "-public"
                },
                "tags_all": {
                  "Name": "-public"
                },
                "vpc_id": "module.vpc.aws_vpc.this[0].id"
              }
            },
            {
              "address": "module.vpc.aws_route_table_association.private[0]",
              "mode": "managed",
              "type": "aws_route_table_association",
              "name": "private",
              "index": 0,
              "provider_name": "registry.terraform.io/hashicorp/aws",
              "schema_version": 0,
              "values": {
                "gateway_id": null,
                "route_table_id": "module.vpc.aws_route_table.private[0].id",
                "subnet_id": "module.vpc.aws_subnet.private[0].id"
              }
            },
            {
              "address": "module.vpc.aws_route_table_association.public[0]",
              "mode": "managed",
              "type": "aws_route_table_association",
              "name": "public",
              "index": 0,
              "provider_name": "registry.terraform.io/hashicorp/aws",
              "schema_version": 0,
              "values": {
                "gateway_id": null,
                "route_table_id": "module.vpc.aws_route_table.public[0].id",
                "subnet_id": "module.vpc.aws_subnet.public[0].id"
              }
            },
            {
              "address": "module.vpc.aws_subnet.private[0]",
              "mode": "managed",
              "type": "aws_subnet",
              "name": "private",
              "index": 0,
              "provider_name": "registry.terraform.io/hashicorp/aws",
              "schema_version": 1,
              "values": {
                "assign_ipv6_address_on_creation": false,
                "availability_zone": "us-east-1a",
                "cidr_block": "192.168.10.0/24",
                "customer_owned_ipv4_pool": null,
                "ipv6_cidr_block": null,
                "map_customer_owned_ip_on_launch": null,
                "map_public_ip_on_launch": false,
                "outpost_arn": null,
                "tags": {
                  "Name": "-private-us-east-1a"
                },
                "tags_all": {
                  "Name": "-private-us-east-1a"
                },
                "timeouts": null,
                "vpc_id": "module.vpc.aws_vpc.this[0].id"
              }
            },
            {
              "address": "module.vpc.aws_subnet.public[0]",
              "mode": "managed",
              "type": "aws_subnet",
              "name": "public",
              "index": 0,
              "provider_name": "registry.terraform.io/hashicorp/aws",
              "schema_version": 1,
              "values": {
                "assign_ipv6_address_on_creation": false,
                "availability_zone": "us-east-1a",
                "cidr_block": "192.168.1.0/24",
                "customer_owned_ipv4_pool": null,
                "ipv6_cidr_block": null,
                "map_customer_owned_ip_on_launch": null,
                "map_public_ip_on_launch": true,
                "outpost_arn": null,
                "tags": {
                  "Name": "-public-us-east-1a"
                },
                "tags_all": {
                  "Name": "-public-us-east-1a"
                },
                "timeouts": null,
                "vpc_id": "module.vpc.aws_vpc.this[0].id"
              }
            },
            {
              "address": "module.vpc.aws_vpc.this[0]",
              "mode": "managed",
              "type": "aws_vpc",
              "name": "this",
              "index": 0,
              "provider_name": "registry.terraform.io/hashicorp/aws",
              "schema_version": 1,
              "values": {
                "assign_generated_ipv6_cidr_block": false,
                "cidr_block": "192.168.0.0/16",
                "enable_dns_hostnames": true,
                "enable_dns_support": true,
                "instance_tenancy": "default",
                "tags": {
                  "Name": ""
                },
                "tags_all": {}
              }
            }
          ],
          "address": "module.vpc"
        }
      ]
    }
  },
  "resource_changes": [
    {
      "address": "aws_emr_cluster.test",
      "mode": "managed",
      "type": "aws_emr_cluster",
      "name": "test",
      "provider_name": "registry.terraform.io/hashicorp/aws",
      "change": {
        "actions": [
          "create"
        ],
        "before": null,
        "after": {
          "additional_info": null,
          "applications": [
            "Spark"
          ],
          "autoscaling_role": null,
          "bootstrap_action": [],
          "configurations": null,
          "configurations_json": null,
          "core_instance_fleet": [],
          "core_instance_group": [
            {
              "autoscaling_policy": null,
              "bid_price": null,
              "ebs_config": [
                {
                  "iops": null,
                  "size": 40,
                  "type": "gp2",
                  "volumes_per_instance": 1
                }
              ],
              "id": null,
              "instance_count": 1,
              "instance_type": "c4.large",
              "name": null
            }
          ],
          "custom_ami_id": null,
          "ebs_root_volume_size": 100,
          "ec2_attributes": [
            {
              "additional_master_security_groups": null,
              "additional_slave_security_groups": null,
              "emr_managed_master_security_group": null,
              "emr_managed_slave_security_group": null,
              "instance_profile": "aws_iam_instance_profile.emr_profile.arn",
              "key_name": null,
              "service_access_security_group": null,
              "subnet_id": null,
              "subnet_ids": null
            }
          ],
          "kerberos_attributes": [],
          "log_uri": null,
          "master_instance_fleet": [],
          "master_instance_group": [
            {
              "bid_price": null,
              "ebs_config": [],
              "id": null,
              "instance_count": null,
              "instance_type": "m4.large",
              "name": null
            }
          ],
          "name": "emr-test",
          "release_label": "emr-4.6.0",
          "security_configuration": null,
          "service_role": "aws_iam_role.iam_emr_service_role.arn",
          "step_concurrency_level": 1,
          "tags": null,
          "visible_to_all_users": true
        },
        "after_unknown": {
          "applications": [
            false
          ],
          "arn": true,
          "bootstrap_action": [],
          "cluster_state": true,
          "core_instance_fleet": [],
          "core_instance_group": [
            {
              "ebs_config": [
                {}
              ]
            }
          ],
          "ec2_attributes": [
            {}
          ],
          "id": true,
          "keep_job_flow_alive_when_no_steps": true,
          "kerberos_attributes": [],
          "master_instance_fleet": [],
          "master_instance_group": [
            {
              "ebs_config": []
            }
          ],
          "master_public_dns": true,
          "scale_down_behavior": true,
          "step": true,
          "tags_all": true,
          "termination_protection": true
        }
      }
    },
    {
      "address": "aws_iam_instance_profile.emr_profile",
      "mode": "managed",
      "type": "aws_iam_instance_profile",
      "name": "emr_profile",
      "provider_name": "registry.terraform.io/hashicorp/aws",
      "change": {
        "actions": [
          "create"
        ],
        "before": null,
        "after": {
          "name": "emr_profile",
          "name_prefix": null,
          "path": "/",
          "role": "iam_emr_profile_role",
          "tags": null
        },
        "after_unknown": {
          "arn": true,
          "create_date": true,
          "id": true,
          "tags_all": true,
          "unique_id": true
        }
      }
    },
    {
      "address": "aws_iam_role.iam_emr_profile_role",
      "mode": "managed",
      "type": "aws_iam_role",
      "name": "iam_emr_profile_role",
      "provider_name": "registry.terraform.io/hashicorp/aws",
      "change": {
        "actions": [
          "create"
        ],
        "before": null,
        "after": {
          "assume_role_policy": "{\n  \"Version\": \"2008-10-17\",\n  \"Statement\": [\n    {\n      \"Sid\": \"\",\n      \"Effect\": \"Allow\",\n      \"Principal\": {\n        \"Service\": \"ec2.amazonaws.com\"\n      },\n      \"Action\": \"sts:AssumeRole\"\n    }\n  ]\n}\n",
          "description": null,
          "force_detach_policies": false,
          "inline_policy": [],
          "max_session_duration": 3600,
          "name": "iam_emr_profile_role",
          "name_prefix": null,
          "path": "/",
          "permissions_boundary": null,
          "tags": null
        },
        "after_unknown": {
          "arn": true,
          "create_date": true,
          "id": true,
          "inline_policy": [],
          "managed_policy_arns": true,
          "tags_all": true,
          "unique_id": true
        }
      }
    },
    {
      "address": "aws_iam_role.iam_emr_service_role",
      "mode": "managed",
      "type": "aws_iam_role",
      "name": "iam_emr_service_role",
      "provider_name": "registry.terraform.io/hashicorp/aws",
      "change": {
        "actions": [
          "create"
        ],
        "before": null,
        "after": {
          "assume_role_policy": "{\n  \"Version\": \"2008-10-17\",\n  \"Statement\": [\n    {\n      \"Sid\": \"\",\n      \"Effect\": \"Allow\",\n      \"Principal\": {\n        \"Service\": \"elasticmapreduce.amazonaws.com\"\n      },\n      \"Action\": \"sts:AssumeRole\"\n    }\n  ]\n}\n",
          "description": null,
          "force_detach_policies": false,
          "inline_policy": [],
          "max_session_duration": 3600,
          "name": "iam_emr_service_role",
          "name_prefix": null,
          "path": "/",
          "permissions_boundary": null,
          "tags": null
        },
        "after_unknown": {
          "arn": true,
          "create_date": true,
          "id": true,
          "inline_policy": [],
          "managed_policy_arns": true,
          "tags_all": true,
          "unique_id": true
        }
      }
    },
    {
      "address": "aws_iam_role_policy.iam_emr_profile_policy",
      "mode": "managed",
      "type": "aws_iam_role_policy",
      "name": "iam_emr_profile_policy",
      "provider_name": "registry.terraform.io/hashicorp/aws",
      "change": {
        "actions": [
          "create"
        ],
        "before": null,
        "after": {
          "name": "iam_emr_profile_policy",
          "name_prefix": null,
          "policy": "{\n    \"Version\": \"2012-10-17\",\n    \"Statement\": [{\n        \"Effect\": \"Allow\",\n        \"Resource\": \"*\",\n        \"Action\": [\n            \"cloudwatch:*\",\n            \"dynamodb:*\",\n            \"ec2:Describe*\",\n            \"elasticmapreduce:Describe*\",\n            \"elasticmapreduce:ListBootstrapActions\",\n            \"elasticmapreduce:ListClusters\",\n            \"elasticmapreduce:ListInstanceGroups\",\n            \"elasticmapreduce:ListInstances\",\n            \"elasticmapreduce:ListSteps\",\n            \"kinesis:CreateStream\",\n            \"kinesis:DeleteStream\",\n            \"kinesis:DescribeStream\",\n            \"kinesis:GetRecords\",\n            \"kinesis:GetShardIterator\",\n            \"kinesis:MergeShards\",\n            \"kinesis:PutRecord\",\n            \"kinesis:SplitShard\",\n            \"rds:Describe*\",\n            \"s3:*\",\n            \"sdb:*\",\n            \"sns:*\",\n            \"sqs:*\"\n        ]\n    }]\n}\n",
          "role": "aws_iam_role.iam_emr_profile_role.id"
        },
        "after_unknown": {
          "id": true
        }
      }
    },
    {
      "address": "aws_iam_role_policy.iam_emr_service_policy",
      "mode": "managed",
      "type": "aws_iam_role_policy",
      "name": "iam_emr_service_policy",
      "provider_name": "registry.terraform.io/hashicorp/aws",
      "change": {
        "actions": [
          "create"
        ],
        "before": null,
        "after": {
          "name": "iam_emr_service_policy",
          "name_prefix": null,
          "policy": "{\n    \"Version\": \"2012-10-17\",\n    \"Statement\": [{\n        \"Effect\": \"Allow\",\n        \"Resource\": \"*\",\n        \"Action\": [\n            \"ec2:AuthorizeSecurityGroupEgress\",\n            \"ec2:AuthorizeSecurityGroupIngress\",\n            \"ec2:CancelSpotInstanceRequests\",\n            \"ec2:CreateNetworkInterface\",\n            \"ec2:CreateSecurityGroup\",\n            \"ec2:CreateTags\",\n            \"ec2:DeleteNetworkInterface\",\n            \"ec2:DeleteSecurityGroup\",\n            \"ec2:DeleteTags\",\n            \"ec2:DescribeAvailabilityZones\",\n            \"ec2:DescribeAccountAttributes\",\n            \"ec2:DescribeDhcpOptions\",\n            \"ec2:DescribeInstanceStatus\",\n            \"ec2:DescribeInstances\",\n            \"ec2:DescribeKeyPairs\",\n            \"ec2:DescribeNetworkAcls\",\n            \"ec2:DescribeNetworkInterfaces\",\n            \"ec2:DescribePrefixLists\",\n            \"ec2:DescribeRouteTables\",\n            \"ec2:DescribeSecurityGroups\",\n            \"ec2:DescribeSpotInstanceRequests\",\n            \"ec2:DescribeSpotPriceHistory\",\n            \"ec2:DescribeSubnets\",\n            \"ec2:DescribeVpcAttribute\",\n            \"ec2:DescribeVpcEndpoints\",\n            \"ec2:DescribeVpcEndpointServices\",\n            \"ec2:DescribeVpcs\",\n            \"ec2:DetachNetworkInterface\",\n            \"ec2:ModifyImageAttribute\",\n            \"ec2:ModifyInstanceAttribute\",\n            \"ec2:RequestSpotInstances\",\n            \"ec2:RevokeSecurityGroupEgress\",\n            \"ec2:RunInstances\",\n            \"ec2:TerminateInstances\",\n            \"ec2:DeleteVolume\",\n            \"ec2:DescribeVolumeStatus\",\n            \"ec2:DescribeVolumes\",\n            \"ec2:DetachVolume\",\n            \"iam:GetRole\",\n            \"iam:GetRolePolicy\",\n            \"iam:ListInstanceProfiles\",\n            \"iam:ListRolePolicies\",\n            \"iam:PassRole\",\n            \"s3:CreateBucket\",\n            \"s3:Get*\",\n            \"s3:List*\",\n            \"sdb:BatchPutAttributes\",\n            \"sdb:Select\",\n            \"sqs:CreateQueue\",\n            \"sqs:Delete*\",\n            \"sqs:GetQueue*\",\n            \"sqs:PurgeQueue\",\n            \"sqs:ReceiveMessage\"\n        ]\n    }]\n}\n",
          "role": "aws_iam_role.iam_emr_service_role.id"
        },
        "after_unknown": {
          "id": true
        }
      }
    },
    {
      "address": "aws_security_group.additional_master_1",
      "mode": "managed",
      "type": "aws_security_group",
      "name": "additional_master_1",
      "provider_name": "registry.terraform.io/hashicorp/aws",
      "change": {
        "actions": [
          "create"
        ],
        "before": null,
        "after": {
          "description": "EMR master1 SG",
          "egress": [
            {
              "cidr_blocks": [
                "0.0.0.0/0"
              ],
              "description": null,
              "from_port": 0,
              "ipv6_cidr_blocks": null,
              "prefix_list_ids": null,
              "protocol": "-1",
              "security_groups": null,
              "self": null,
              "to_port": 0
            }
          ],
          "ingress": [
            {
              "cidr_blocks": [
                "0.0.0.0/0"
              ],
              "description": "Inbound",
              "from_port": 22,
              "ipv6_cidr_blocks": null,
              "prefix_list_ids": null,
              "protocol": "tcp",
              "security_groups": null,
              "self": null,
              "to_port": 22
            }
          ],
          "name": "emr_master1_sg",
          "revoke_rules_on_delete": false,
          "tags": null,
          "timeouts": null,
          "vpc_id": "module.vpc.aws_vpc.this[0].id"
        },
        "after_unknown": {
          "arn": true,
          "egress": [
            {
              "cidr_blocks": [
                false
              ]
            }
          ],
          "id": true,
          "ingress": [
            {
              "cidr_blocks": [
                false
              ]
            }
          ],
          "name_prefix": true,
          "owner_id": true,
          "tags_all": true
        }
      }
    },
    {
      "address": "aws_security_group.additional_master_2",
      "mode": "managed",
      "type": "aws_security_group",
      "name": "additional_master_2",
      "provider_name": "registry.terraform.io/hashicorp/aws",
      "change": {
        "actions": [
          "create"
        ],
        "before": null,
        "after": {
          "description": "EMR master2 SG",
          "egress": [
            {
              "cidr_blocks": [
                "0.0.0.0/0"
              ],
              "description": null,
              "from_port": 0,
              "ipv6_cidr_blocks": null,
              "prefix_list_ids": null,
              "protocol": "-1",
              "security_groups": null,
              "self": null,
              "to_port": 0
            }
          ],
          "ingress": [
            {
              "cidr_blocks": [
                "0.0.0.0/0"
              ],
              "description": "Inbound",
              "from_port": 22,
              "ipv6_cidr_blocks": null,
              "prefix_list_ids": null,
              "protocol": "tcp",
              "security_groups": null,
              "self": null,
              "to_port": 22
            }
          ],
          "name": "emr_master2_sg",
          "revoke_rules_on_delete": false,
          "tags": null,
          "timeouts": null,
          "vpc_id": "module.vpc.aws_vpc.this[0].id"
        },
        "after_unknown": {
          "arn": true,
          "egress": [
            {
              "cidr_blocks": [
                false
              ]
            }
          ],
          "id": true,
          "ingress": [
            {
              "cidr_blocks": [
                false
              ]
            }
          ],
          "name_prefix": true,
          "owner_id": true,
          "tags_all": true
        }
      }
    },
    {
      "address": "aws_security_group.additional_slave_1",
      "mode": "managed",
      "type": "aws_security_group",
      "name": "additional_slave_1",
      "provider_name": "registry.terraform.io/hashicorp/aws",
      "change": {
        "actions": [
          "create"
        ],
        "before": null,
        "after": {
          "description": "EMR slave1 SG",
          "egress": [
            {
              "cidr_blocks": [
                "0.0.0.0/0"
              ],
              "description": null,
              "from_port": 0,
              "ipv6_cidr_blocks": null,
              "prefix_list_ids": null,
              "protocol": "-1",
              "security_groups": null,
              "self": null,
              "to_port": 0
            }
          ],
          "ingress": [
            {
              "cidr_blocks": [
                "0.0.0.0/0"
              ],
              "description": "Inbound",
              "from_port": 22,
              "ipv6_cidr_blocks": null,
              "prefix_list_ids": null,
              "protocol": "tcp",
              "security_groups": null,
              "self": null,
              "to_port": 22
            }
          ],
          "name": "emr_slave1_sg",
          "revoke_rules_on_delete": false,
          "tags": null,
          "timeouts": null,
          "vpc_id": "module.vpc.aws_vpc.this[0].id"
        },
        "after_unknown": {
          "arn": true,
          "egress": [
            {
              "cidr_blocks": [
                false
              ]
            }
          ],
          "id": true,
          "ingress": [
            {
              "cidr_blocks": [
                false
              ]
            }
          ],
          "name_prefix": true,
          "owner_id": true,
          "tags_all": true
        }
      }
    },
    {
      "address": "aws_security_group.additional_slave_2",
      "mode": "managed",
      "type": "aws_security_group",
      "name": "additional_slave_2",
      "provider_name": "registry.terraform.io/hashicorp/aws",
      "change": {
        "actions": [
          "create"
        ],
        "before": null,
        "after": {
          "description": "EMR slave2 SG",
          "egress": [
            {
              "cidr_blocks": [
                "0.0.0.0/0"
              ],
              "description": null,
              "from_port": 0,
              "ipv6_cidr_blocks": null,
              "prefix_list_ids": null,
              "protocol": "-1",
              "security_groups": null,
              "self": null,
              "to_port": 0
            }
          ],
          "ingress": [
            {
              "cidr_blocks": [
                "0.0.0.0/0"
              ],
              "description": "Inbound",
              "from_port": 22,
              "ipv6_cidr_blocks": null,
              "prefix_list_ids": null,
              "protocol": "tcp",
              "security_groups": null,
              "self": null,
              "to_port": 22
            }
          ],
          "name": "emr_slave2_sg",
          "revoke_rules_on_delete": false,
          "tags": null,
          "timeouts": null,
          "vpc_id": "module.vpc.aws_vpc.this[0].id"
        },
        "after_unknown": {
          "arn": true,
          "egress": [
            {
              "cidr_blocks": [
                false
              ]
            }
          ],
          "id": true,
          "ingress": [
            {
              "cidr_blocks": [
                false
              ]
            }
          ],
          "name_prefix": true,
          "owner_id": true,
          "tags_all": true
        }
      }
    },
    {
      "address": "aws_security_group.emr_service",
      "mode": "managed",
      "type": "aws_security_group",
      "name": "emr_service",
      "provider_name": "registry.terraform.io/hashicorp/aws",
      "change": {
        "actions": [
          "create"
        ],
        "before": null,
        "after": {
          "description": "EMR service SG",
          "egress": [
            {
              "cidr_blocks": [
                "0.0.0.0/0"
              ],
              "description": null,
              "from_port": 0,
              "ipv6_cidr_blocks": null,
              "prefix_list_ids": null,
              "protocol": "-1",
              "security_groups": null,
              "self": null,
              "to_port": 0
            }
          ],
          "ingress": [
            {
              "cidr_blocks": [
                "0.0.0.0/0"
              ],
              "description": "Inbound",
              "from_port": 22,
              "ipv6_cidr_blocks": null,
              "prefix_list_ids": null,
              "protocol": "tcp",
              "security_groups": null,
              "self": null,
              "to_port": 22
            }
          ],
          "name": "emr_service_sg",
          "revoke_rules_on_delete": false,
          "tags": null,
          "timeouts": null,
          "vpc_id": "module.vpc.aws_vpc.this[0].id"
        },
        "after_unknown": {
          "arn": true,
          "egress": [
            {
              "cidr_blocks": [
                false
              ]
            }
          ],
          "id": true,
          "ingress": [
            {
              "cidr_blocks": [
                false
              ]
            }
          ],
          "name_prefix": true,
          "owner_id": true,
          "tags_all": true
        }
      }
    },
    {
      "address": "aws_security_group.master",
      "mode": "managed",
      "type": "aws_security_group",
      "name": "master",
      "provider_name": "registry.terraform.io/hashicorp/aws",
      "change": {
        "actions": [
          "create"
        ],
        "before": null,
        "after": {
          "description": "EMR master SG",
          "egress": [
            {
              "cidr_blocks": [
                "0.0.0.0/0"
              ],
              "description": null,
              "from_port": 0,
              "ipv6_cidr_blocks": null,
              "prefix_list_ids": null,
              "protocol": "-1",
              "security_groups": null,
              "self": null,
              "to_port": 0
            }
          ],
          "ingress": [
            {
              "cidr_blocks": [
                "0.0.0.0/0"
              ],
              "description": "Inbound",
              "from_port": 22,
              "ipv6_cidr_blocks": null,
              "prefix_list_ids": null,
              "protocol": "tcp",
              "security_groups": null,
              "self": null,
              "to_port": 22
            }
          ],
          "name": "emr_master_sg",
          "revoke_rules_on_delete": true,
          "tags": null,
          "timeouts": null,
          "vpc_id": "module.vpc.aws_vpc.this[0].id"
        },
        "after_unknown": {
          "arn": true,
          "egress": [
            {
              "cidr_blocks": [
                false
              ]
            }
          ],
          "id": true,
          "ingress": [
            {
              "cidr_blocks": [
                false
              ]
            }
          ],
          "name_prefix": true,
          "owner_id": true,
          "tags_all": true
        }
      }
    },
    {
      "address": "aws_security_group.slave",
      "mode": "managed",
      "type": "aws_security_group",
      "name": "slave",
      "provider_name": "registry.terraform.io/hashicorp/aws",
      "change": {
        "actions": [
          "create"
        ],
        "before": null,
        "after": {
          "description": "EMR slave SG",
          "egress": [
            {
              "cidr_blocks": [
                "0.0.0.0/0"
              ],
              "description": null,
              "from_port": 0,
              "ipv6_cidr_blocks": null,
              "prefix_list_ids": null,
              "protocol": "-1",
              "security_groups": null,
              "self": null,
              "to_port": 0
            }
          ],
          "ingress": [
            {
              "cidr_blocks": [
                "0.0.0.0/0"
              ],
              "description": "Inbound",
              "from_port": 22,
              "ipv6_cidr_blocks": null,
              "prefix_list_ids": null,
              "protocol": "tcp",
              "security_groups": null,
              "self": null,
              "to_port": 22
            }
          ],
          "name": "emr_slave_sg",
          "revoke_rules_on_delete": true,
          "tags": null,
          "timeouts": null,
          "vpc_id": "module.vpc.aws_vpc.this[0].id"
        },
        "after_unknown": {
          "arn": true,
          "egress": [
            {
              "cidr_blocks": [
                false
              ]
            }
          ],
          "id": true,
          "ingress": [
            {
              "cidr_blocks": [
                false
              ]
            }
          ],
          "name_prefix": true,
          "owner_id": true,
          "tags_all": true
        }
      }
    },
    {
      "address": "module.vpc.aws_eip.nat[0]",
      "module_address": "module.vpc",
      "mode": "managed",
      "type": "aws_eip",
      "name": "nat",
      "index": 0,
      "provider_name": "registry.terraform.io/hashicorp/aws",
      "change": {
        "actions": [
          "create"
        ],
        "before": null,
        "after": {
          "address": null,
          "associate_with_private_ip": null,
          "customer_owned_ipv4_pool": null,
          "tags": {
            "Name": "-us-east-1a"
          },
          "tags_all": {
            "Name": "-us-east-1a"
          },
          "timeouts": null,
          "vpc": true
        },
        "after_unknown": {
          "allocation_id": true,
          "association_id": true,
          "carrier_ip": true,
          "customer_owned_ip": true,
          "domain": true,
          "id": true,
          "instance": true,
          "network_border_group": true,
          "network_interface": true,
          "private_dns": true,
          "private_ip": true,
          "public_dns": true,
          "public_ip": true,
          "public_ipv4_pool": true,
          "tags": {},
          "tags_all": {}
        }
      }
    },
    {
      "address": "module.vpc.aws_internet_gateway.this[0]",
      "module_address": "module.vpc",
      "mode": "managed",
      "type": "aws_internet_gateway",
      "name": "this",
      "index": 0,
      "provider_name": "registry.terraform.io/hashicorp/aws",
      "change": {
        "actions": [
          "create"
        ],
        "before": null,
        "after": {
          "tags": {
            "Name": ""
          },
          "tags_all": {},
          "vpc_id": "module.vpc.aws_vpc.this[0].id"
        },
        "after_unknown": {
          "arn": true,
          "id": true,
          "owner_id": true,
          "tags": {},
          "tags_all": {
            "Name": true
          }
        }
      }
    },
    {
      "address": "module.vpc.aws_nat_gateway.this[0]",
      "module_address": "module.vpc",
      "mode": "managed",
      "type": "aws_nat_gateway",
      "name": "this",
      "index": 0,
      "provider_name": "registry.terraform.io/hashicorp/aws",
      "change": {
        "actions": [
          "create"
        ],
        "before": null,
        "after": {
          "allocation_id": "module.vpc.aws_eip.nat[0].id",
          "connectivity_type": "public",
          "subnet_id": "module.vpc.aws_subnet.public[0].id",
          "tags": {
            "Name": "-us-east-1a"
          },
          "tags_all": {
            "Name": "-us-east-1a"
          }
        },
        "after_unknown": {
          "id": true,
          "network_interface_id": true,
          "private_ip": true,
          "public_ip": true,
          "tags": {},
          "tags_all": {}
        }
      }
    },
    {
      "address": "module.vpc.aws_route.private_nat_gateway[0]",
      "module_address": "module.vpc",
      "mode": "managed",
      "type": "aws_route",
      "name": "private_nat_gateway",
      "index": 0,
      "provider_name": "registry.terraform.io/hashicorp/aws",
      "change": {
        "actions": [
          "create"
        ],
        "before": null,
        "after": {
          "carrier_gateway_id": null,
          "destination_cidr_block": "0.0.0.0/0",
          "destination_ipv6_cidr_block": null,
          "destination_prefix_list_id": null,
          "egress_only_gateway_id": null,
          "gateway_id": null,
          "local_gateway_id": null,
          "nat_gateway_id": "module.vpc.aws_nat_gateway.this[0].id",
          "route_table_id": "module.vpc.aws_route_table.private[0].id",
          "timeouts": {
            "create": "5m",
            "delete": null
          },
          "transit_gateway_id": null,
          "vpc_endpoint_id": null,
          "vpc_peering_connection_id": null
        },
        "after_unknown": {
          "id": true,
          "instance_id": true,
          "instance_owner_id": true,
          "network_interface_id": true,
          "origin": true,
          "state": true,
          "timeouts": {}
        }
      }
    },
    {
      "address": "module.vpc.aws_route.public_internet_gateway[0]",
      "module_address": "module.vpc",
      "mode": "managed",
      "type": "aws_route",
      "name": "public_internet_gateway",
      "index": 0,
      "provider_name": "registry.terraform.io/hashicorp/aws",
      "change": {
        "actions": [
          "create"
        ],
        "before": null,
        "after": {
          "carrier_gateway_id": null,
          "destination_cidr_block": "0.0.0.0/0",
          "destination_ipv6_cidr_block": null,
          "destination_prefix_list_id": null,
          "egress_only_gateway_id": null,
          "gateway_id": "module.vpc.aws_internet_gateway.this[0].id",
          "local_gateway_id": null,
          "nat_gateway_id": null,
          "route_table_id": "module.vpc.aws_route_table.public[0].id",
          "timeouts": {
            "create": "5m",
            "delete": null
          },
          "transit_gateway_id": null,
          "vpc_endpoint_id": null,
          "vpc_peering_connection_id": null
        },
        "after_unknown": {
          "id": true,
          "instance_id": true,
          "instance_owner_id": true,
          "network_interface_id": true,
          "origin": true,
          "state": true,
          "timeouts": {}
        }
      }
    },
    {
      "address": "module.vpc.aws_route_table.private[0]",
      "module_address": "module.vpc",
      "mode": "managed",
      "type": "aws_route_table",
      "name": "private",
      "index": 0,
      "provider_name": "registry.terraform.io/hashicorp/aws",
      "change": {
        "actions": [
          "create"
        ],
        "before": null,
        "after": {
          "tags": {
            "Name": "-private-us-east-1a"
          },
          "tags_all": {
            "Name": "-private-us-east-1a"
          },
          "vpc_id": "module.vpc.aws_vpc.this[0].id"
        },
        "after_unknown": {
          "arn": true,
          "id": true,
          "owner_id": true,
          "propagating_vgws": true,
          "route": true,
          "tags": {},
          "tags_all": {}
        }
      }
    },
    {
      "address": "module.vpc.aws_route_table.public[0]",
      "module_address": "module.vpc",
      "mode": "managed",
      "type": "aws_route_table",
      "name": "public",
      "index": 0,
      "provider_name": "registry.terraform.io/hashicorp/aws",
      "change": {
        "actions": [
          "create"
        ],
        "before": null,
        "after": {
          "tags": {
            "Name": "-public"
          },
          "tags_all": {
            "Name": "-public"
          },
          "vpc_id": "module.vpc.aws_vpc.this[0].id"
        },
        "after_unknown": {
          "arn": true,
          "id": true,
          "owner_id": true,
          "propagating_vgws": true,
          "route": true,
          "tags": {},
          "tags_all": {}
        }
      }
    },
    {
      "address": "module.vpc.aws_route_table_association.private[0]",
      "module_address": "module.vpc",
      "mode": "managed",
      "type": "aws_route_table_association",
      "name": "private",
      "index": 0,
      "provider_name": "registry.terraform.io/hashicorp/aws",
      "change": {
        "actions": [
          "create"
        ],
        "before": null,
        "after": {
          "gateway_id": null,
          "route_table_id": "module.vpc.aws_route_table.private[0].id",
          "subnet_id": "module.vpc.aws_subnet.private[0].id"
        },
        "after_unknown": {
          "id": true
        }
      }
    },
    {
      "address": "module.vpc.aws_route_table_association.public[0]",
      "module_address": "module.vpc",
      "mode": "managed",
      "type": "aws_route_table_association",
      "name": "public",
      "index": 0,
      "provider_name": "registry.terraform.io/hashicorp/aws",
      "change": {
        "actions": [
          "create"
        ],
        "before": null,
        "after": {
          "gateway_id": null,
          "route_table_id": "module.vpc.aws_route_table.public[0].id",
          "subnet_id": "module.vpc.aws_subnet.public[0].id"
        },
        "after_unknown": {
          "id": true
        }
      }
    },
    {
      "address": "module.vpc.aws_subnet.private[0]",
      "module_address": "module.vpc",
      "mode": "managed",
      "type": "aws_subnet",
      "name": "private",
      "index": 0,
      "provider_name": "registry.terraform.io/hashicorp/aws",
      "change": {
        "actions": [
          "create"
        ],
        "before": null,
        "after": {
          "assign_ipv6_address_on_creation": false,
          "availability_zone": "us-east-1a",
          "cidr_block": "192.168.10.0/24",
          "customer_owned_ipv4_pool": null,
          "ipv6_cidr_block": null,
          "map_customer_owned_ip_on_launch": null,
          "map_public_ip_on_launch": false,
          "outpost_arn": null,
          "tags": {
            "Name": "-private-us-east-1a"
          },
          "tags_all": {
            "Name": "-private-us-east-1a"
          },
          "timeouts": null,
          "vpc_id": "module.vpc.aws_vpc.this[0].id"
        },
        "after_unknown": {
          "arn": true,
          "availability_zone_id": true,
          "id": true,
          "ipv6_cidr_block_association_id": true,
          "owner_id": true,
          "tags": {},
          "tags_all": {}
        }
      }
    },
    {
      "address": "module.vpc.aws_subnet.public[0]",
      "module_address": "module.vpc",
      "mode": "managed",
      "type": "aws_subnet",
      "name": "public",
      "index": 0,
      "provider_name": "registry.terraform.io/hashicorp/aws",
      "change": {
        "actions": [
          "create"
        ],
        "before": null,
        "after": {
          "assign_ipv6_address_on_creation": false,
          "availability_zone": "us-east-1a",
          "cidr_block": "192.168.1.0/24",
          "customer_owned_ipv4_pool": null,
          "ipv6_cidr_block": null,
          "map_customer_owned_ip_on_launch": null,
          "map_public_ip_on_launch": true,
          "outpost_arn": null,
          "tags": {
            "Name": "-public-us-east-1a"
          },
          "tags_all": {
            "Name": "-public-us-east-1a"
          },
          "timeouts": null,
          "vpc_id": "module.vpc.aws_vpc.this[0].id"
        },
        "after_unknown": {
          "arn": true,
          "availability_zone_id": true,
          "id": true,
          "ipv6_cidr_block_association_id": true,
          "owner_id": true,
          "tags": {},
          "tags_all": {}
        }
      }
    },
    {
      "address": "module.vpc.aws_vpc.this[0]",
      "module_address": "module.vpc",
      "mode": "managed",
      "type": "aws_vpc",
      "name": "this",
      "index": 0,
      "provider_name": "registry.terraform.io/hashicorp/aws",
      "change": {
        "actions": [
          "create"
        ],
        "before": null,
        "after": {
          "assign_generated_ipv6_cidr_block": false,
          "cidr_block": "192.168.0.0/16",
          "enable_dns_hostnames": true,
          "enable_dns_support": true,
          "instance_tenancy": "default",
          "tags": {
            "Name": ""
          },
          "tags_all": {}
        },
        "after_unknown": {
          "arn": true,
          "default_network_acl_id": true,
          "default_route_table_id": true,
          "default_security_group_id": true,
          "dhcp_options_id": true,
          "enable_classiclink": true,
          "enable_classiclink_dns_support": true,
          "id": true,
          "ipv6_association_id": true,
          "ipv6_cidr_block": true,
          "main_route_table_id": true,
          "owner_id": true,
          "tags": {},
          "tags_all": {
            "Name": true
          }
        }
      }
    }
  ],
  "output_changes": {
    "azs": {
      "actions": [
        "create"
      ],
      "before": null,
      "after": [
        "us-east-1a",
        "us-east-1b",
        "us-east-1c",
        "us-east-1d",
        "us-east-1e",
        "us-east-1f"
      ],
      "after_unknown": false
    },
    "cgw_arns": {
      "actions": [
        "create"
      ],
      "before": null,
      "after": [],
      "after_unknown": false
    },
    "cgw_ids": {
      "actions": [
        "create"
      ],
      "before": null,
      "after": [],
      "after_unknown": false
    },
    "database_internet_gateway_route_id": {
      "actions": [
        "create"
      ],
      "before": null,
      "after": "",
      "after_unknown": false
    },
    "database_ipv6_egress_route_id": {
      "actions": [
        "create"
      ],
      "before": null,
      "after": "",
      "after_unknown": false
    },
    "database_nat_gateway_route_ids": {
      "actions": [
        "create"
      ],
      "before": null,
      "after": [],
      "after_unknown": false
    },
    "database_network_acl_arn": {
      "actions": [
        "create"
      ],
      "before": null,
      "after": "",
      "after_unknown": false
    },
    "database_network_acl_id": {
      "actions": [
        "create"
      ],
      "before": null,
      "after": "",
      "after_unknown": false
    },
    "database_route_table_association_ids": {
      "actions": [
        "create"
      ],
      "before": null,
      "after": [],
      "after_unknown": false
    },
    "database_route_table_ids": {
      "actions": [
        "create"
      ],
      "before": null,
      "after": [
        "module.vpc.aws_route_table.private[0].id"
      ],
      "after_unknown": false
    },
    "database_subnet_arns": {
      "actions": [
        "create"
      ],
      "before": null,
      "after": [],
      "after_unknown": false
    },
    "database_subnet_group": {
      "actions": [
        "create"
      ],
      "before": null,
      "after": "",
      "after_unknown": false
    },
    "database_subnet_group_name": {
      "actions": [
        "create"
      ],
      "before": null,
      "after": "",
      "after_unknown": false
    },
    "database_subnets": {
      "actions": [
        "create"
      ],
      "before": null,
      "after": [],
      "after_unknown": false
    },
    "database_subnets_cidr_blocks": {
      "actions": [
        "create"
      ],
      "before": null,
      "after": [],
      "after_unknown": false
    },
    "database_subnets_ipv6_cidr_blocks": {
      "actions": [
        "create"
      ],
      "before": null,
      "after": [],
      "after_unknown": false
    },
    "default_network_acl_id": {
      "actions": [
        "create"
      ],
      "before": null,
      "after": "module.vpc.aws_vpc.this[0].default_network_acl_id",
      "after_unknown": false
    },
    "default_route_table_id": {
      "actions": [
        "create"
      ],
      "before": null,
      "after": "module.vpc.aws_vpc.this[0].default_route_table_id",
      "after_unknown": false
    },
    "default_security_group_id": {
      "actions": [
        "create"
      ],
      "before": null,
      "after": "module.vpc.aws_vpc.this[0].default_security_group_id",
      "after_unknown": false
    },
    "default_vpc_arn": {
      "actions": [
        "create"
      ],
      "before": null,
      "after": "",
      "after_unknown": false
    },
    "default_vpc_cidr_block": {
      "actions": [
        "create"
      ],
      "before": null,
      "after": "",
      "after_unknown": false
    },
    "default_vpc_default_network_acl_id": {
      "actions": [
        "create"
      ],
      "before": null,
      "after": "",
      "after_unknown": false
    },
    "default_vpc_default_route_table_id": {
      "actions": [
        "create"
      ],
      "before": null,
      "after": "",
      "after_unknown": false
    },
    "default_vpc_default_security_group_id": {
      "actions": [
        "create"
      ],
      "before": null,
      "after": "",
      "after_unknown": false
    },
    "default_vpc_enable_dns_hostnames": {
      "actions": [
        "create"
      ],
      "before": null,
      "after": "",
      "after_unknown": false
    },
    "default_vpc_enable_dns_support": {
      "actions": [
        "create"
      ],
      "before": null,
      "after": "",
      "after_unknown": false
    },
    "default_vpc_id": {
      "actions": [
        "create"
      ],
      "before": null,
      "after": "",
      "after_unknown": false
    },
    "default_vpc_instance_tenancy": {
      "actions": [
        "create"
      ],
      "before": null,
      "after": "",
      "after_unknown": false
    },
    "default_vpc_main_route_table_id": {
      "actions": [
        "create"
      ],
      "before": null,
      "after": "",
      "after_unknown": false
    },
    "egress_only_internet_gateway_id": {
      "actions": [
        "create"
      ],
      "before": null,
      "after": "",
      "after_unknown": false
    },
    "elasticache_network_acl_arn": {
      "actions": [
        "create"
      ],
      "before": null,
      "after": "",
      "after_unknown": false
    },
    "elasticache_network_acl_id": {
      "actions": [
        "create"
      ],
      "before": null,
      "after": "",
      "after_unknown": false
    },
    "elasticache_route_table_association_ids": {
      "actions": [
        "create"
      ],
      "before": null,
      "after": [],
      "after_unknown": false
    },
    "elasticache_route_table_ids": {
      "actions": [
        "create"
      ],
      "before": null,
      "after": [
        "module.vpc.aws_route_table.private[0].id"
      ],
      "after_unknown": false
    },
    "elasticache_subnet_arns": {
      "actions": [
        "create"
      ],
      "before": null,
      "after": [],
      "after_unknown": false
    },
    "elasticache_subnet_group": {
      "actions": [
        "create"
      ],
      "before": null,
      "after": "",
      "after_unknown": false
    },
    "elasticache_subnet_group_name": {
      "actions": [
        "create"
      ],
      "before": null,
      "after": "",
      "after_unknown": false
    },
    "elasticache_subnets": {
      "actions": [
        "create"
      ],
      "before": null,
      "after": [],
      "after_unknown": false
    },
    "elasticache_subnets_cidr_blocks": {
      "actions": [
        "create"
      ],
      "before": null,
      "after": [],
      "after_unknown": false
    },
    "elasticache_subnets_ipv6_cidr_blocks": {
      "actions": [
        "create"
      ],
      "before": null,
      "after": [],
      "after_unknown": false
    },
    "igw_arn": {
      "actions": [
        "create"
      ],
      "before": null,
      "after": "module.vpc.aws_internet_gateway.this[0].arn",
      "after_unknown": false
    },
    "igw_id": {
      "actions": [
        "create"
      ],
      "before": null,
      "after": "module.vpc.aws_internet_gateway.this[0].id",
      "after_unknown": false
    },
    "intra_network_acl_arn": {
      "actions": [
        "create"
      ],
      "before": null,
      "after": "",
      "after_unknown": false
    },
    "intra_network_acl_id": {
      "actions": [
        "create"
      ],
      "before": null,
      "after": "",
      "after_unknown": false
    },
    "intra_route_table_association_ids": {
      "actions": [
        "create"
      ],
      "before": null,
      "after": [],
      "after_unknown": false
    },
    "intra_route_table_ids": {
      "actions": [
        "create"
      ],
      "before": null,
      "after": [],
      "after_unknown": false
    },
    "intra_subnet_arns": {
      "actions": [
        "create"
      ],
      "before": null,
      "after": [],
      "after_unknown": false
    },
    "intra_subnets": {
      "actions": [
        "create"
      ],
      "before": null,
      "after": [],
      "after_unknown": false
    },
    "intra_subnets_cidr_blocks": {
      "actions": [
        "create"
      ],
      "before": null,
      "after": [],
      "after_unknown": false
    },
    "intra_subnets_ipv6_cidr_blocks": {
      "actions": [
        "create"
      ],
      "before": null,
      "after": [],
      "after_unknown": false
    },
    "name": {
      "actions": [
        "create"
      ],
      "before": null,
      "after": "",
      "after_unknown": false
    },
    "nat_ids": {
      "actions": [
        "create"
      ],
      "before": null,
      "after": [
        "module.vpc.aws_eip.nat[0].id"
      ],
      "after_unknown": false
    },
    "nat_public_ips": {
      "actions": [
        "create"
      ],
      "before": null,
      "after": [
        "module.vpc.aws_eip.nat[0].public_ip"
      ],
      "after_unknown": false
    },
    "natgw_ids": {
      "actions": [
        "create"
      ],
      "before": null,
      "after": [
        "module.vpc.aws_nat_gateway.this[0].id"
      ],
      "after_unknown": false
    },
    "private_ipv6_egress_route_ids": {
      "actions": [
        "create"
      ],
      "before": null,
      "after": [],
      "after_unknown": false
    },
    "private_nat_gateway_route_ids": {
      "actions": [
        "create"
      ],
      "before": null,
      "after": [
        "module.vpc.aws_route.private_nat_gateway[0].id"
      ],
      "after_unknown": false
    },
    "private_network_acl_arn": {
      "actions": [
        "create"
      ],
      "before": null,
      "after": "",
      "after_unknown": false
    },
    "private_network_acl_id": {
      "actions": [
        "create"
      ],
      "before": null,
      "after": "",
      "after_unknown": false
    },
    "private_route_table_association_ids": {
      "actions": [
        "create"
      ],
      "before": null,
      "after": [
        "module.vpc.aws_route_table_association.private[0].id"
      ],
      "after_unknown": false
    },
    "private_route_table_ids": {
      "actions": [
        "create"
      ],
      "before": null,
      "after": [
        "module.vpc.aws_route_table.private[0].id"
      ],
      "after_unknown": false
    },
    "private_subnet_arns": {
      "actions": [
        "create"
      ],
      "before": null,
      "after": [
        "module.vpc.aws_subnet.private[0].arn"
      ],
      "after_unknown": false
    },
    "private_subnets": {
      "actions": [
        "create"
      ],
      "before": null,
      "after": [
        "module.vpc.aws_subnet.private[0].id"
      ],
      "after_unknown": false
    },
    "private_subnets_cidr_blocks": {
      "actions": [
        "create"
      ],
      "before": null,
      "after": [
        "192.168.10.0/24"
      ],
      "after_unknown": false
    },
    "private_subnets_ipv6_cidr_blocks": {
      "actions": [
        "create"
      ],
      "before": null,
      "after": [
        null
      ],
      "after_unknown": false
    },
    "public_internet_gateway_ipv6_route_id": {
      "actions": [
        "create"
      ],
      "before": null,
      "after": "",
      "after_unknown": false
    },
    "public_internet_gateway_route_id": {
      "actions": [
        "create"
      ],
      "before": null,
      "after": "module.vpc.aws_route.public_internet_gateway[0].id",
      "after_unknown": false
    },
    "public_network_acl_arn": {
      "actions": [
        "create"
      ],
      "before": null,
      "after": "",
      "after_unknown": false
    },
    "public_network_acl_id": {
      "actions": [
        "create"
      ],
      "before": null,
      "after": "",
      "after_unknown": false
    },
    "public_route_table_association_ids": {
      "actions": [
        "create"
      ],
      "before": null,
      "after": [
        "module.vpc.aws_route_table_association.public[0].id"
      ],
      "after_unknown": false
    },
    "public_route_table_ids": {
      "actions": [
        "create"
      ],
      "before": null,
      "after": [
        "module.vpc.aws_route_table.public[0].id"
      ],
      "after_unknown": false
    },
    "public_subnet_arns": {
      "actions": [
        "create"
      ],
      "before": null,
      "after": [
        "module.vpc.aws_subnet.public[0].arn"
      ],
      "after_unknown": false
    },
    "public_subnets": {
      "actions": [
        "create"
      ],
      "before": null,
      "after": [
        "module.vpc.aws_subnet.public[0].id"
      ],
      "after_unknown": false
    },
    "public_subnets_cidr_blocks": {
      "actions": [
        "create"
      ],
      "before": null,
      "after": [
        "192.168.1.0/24"
      ],
      "after_unknown": false
    },
    "public_subnets_ipv6_cidr_blocks": {
      "actions": [
        "create"
      ],
      "before": null,
      "after": [
        null
      ],
      "after_unknown": false
    },
    "redshift_network_acl_arn": {
      "actions": [
        "create"
      ],
      "before": null,
      "after": "",
      "after_unknown": false
    },
    "redshift_network_acl_id": {
      "actions": [
        "create"
      ],
      "before": null,
      "after": "",
      "after_unknown": false
    },
    "redshift_public_route_table_association_ids": {
      "actions": [
        "create"
      ],
      "before": null,
      "after": [],
      "after_unknown": false
    },
    "redshift_route_table_association_ids": {
      "actions": [
        "create"
      ],
      "before": null,
      "after": [],
      "after_unknown": false
    },
    "redshift_route_table_ids": {
      "actions": [
        "create"
      ],
      "before": null,
      "after": [
        "module.vpc.aws_route_table.private[0].id"
      ],
      "after_unknown": false
    },
    "redshift_subnet_arns": {
      "actions": [
        "create"
      ],
      "before": null,
      "after": [],
      "after_unknown": false
    },
    "redshift_subnet_group": {
      "actions": [
        "create"
      ],
      "before": null,
      "after": "",
      "after_unknown": false
    },
    "redshift_subnets": {
      "actions": [
        "create"
      ],
      "before": null,
      "after": [],
      "after_unknown": false
    },
    "redshift_subnets_cidr_blocks": {
      "actions": [
        "create"
      ],
      "before": null,
      "after": [],
      "after_unknown": false
    },
    "redshift_subnets_ipv6_cidr_blocks": {
      "actions": [
        "create"
      ],
      "before": null,
      "after": [],
      "after_unknown": false
    },
    "this_customer_gateway": {
      "actions": [
        "create"
      ],
      "before": null,
      "after": {},
      "after_unknown": false
    },
    "vgw_arn": {
      "actions": [
        "create"
      ],
      "before": null,
      "after": "",
      "after_unknown": false
    },
    "vgw_id": {
      "actions": [
        "create"
      ],
      "before": null,
      "after": "",
      "after_unknown": false
    },
    "vpc_arn": {
      "actions": [
        "create"
      ],
      "before": null,
      "after": "module.vpc.aws_vpc.this[0].arn",
      "after_unknown": false
    },
    "vpc_cidr_block": {
      "actions": [
        "create"
      ],
      "before": null,
      "after": "192.168.0.0/16",
      "after_unknown": false
    },
    "vpc_enable_dns_hostnames": {
      "actions": [
        "create"
      ],
      "before": null,
      "after": true,
      "after_unknown": false
    },
    "vpc_enable_dns_support": {
      "actions": [
        "create"
      ],
      "before": null,
      "after": true,
      "after_unknown": false
    },
    "vpc_endpoint_access_analyzer_dns_entry": {
      "actions": [
        "create"
      ],
      "before": null,
      "after": [],
      "after_unknown": false
    },
    "vpc_endpoint_access_analyzer_id": {
      "actions": [
        "create"
      ],
      "before": null,
      "after": "",
      "after_unknown": false
    },
    "vpc_endpoint_access_analyzer_network_interface_ids": {
      "actions": [
        "create"
      ],
      "before": null,
      "after": [],
      "after_unknown": false
    },
    "vpc_endpoint_acm_pca_dns_entry": {
      "actions": [
        "create"
      ],
      "before": null,
      "after": [],
      "after_unknown": false
    },
    "vpc_endpoint_acm_pca_id": {
      "actions": [
        "create"
      ],
      "before": null,
      "after": "",
      "after_unknown": false
    },
    "vpc_endpoint_acm_pca_network_interface_ids": {
      "actions": [
        "create"
      ],
      "before": null,
      "after": [],
      "after_unknown": false
    },
    "vpc_endpoint_apigw_dns_entry": {
      "actions": [
        "create"
      ],
      "before": null,
      "after": [],
      "after_unknown": false
    },
    "vpc_endpoint_apigw_id": {
      "actions": [
        "create"
      ],
      "before": null,
      "after": "",
      "after_unknown": false
    },
    "vpc_endpoint_apigw_network_interface_ids": {
      "actions": [
        "create"
      ],
      "before": null,
      "after": [],
      "after_unknown": false
    },
    "vpc_endpoint_appmesh_envoy_management_dns_entry": {
      "actions": [
        "create"
      ],
      "before": null,
      "after": [],
      "after_unknown": false
    },
    "vpc_endpoint_appmesh_envoy_management_id": {
      "actions": [
        "create"
      ],
      "before": null,
      "after": "",
      "after_unknown": false
    },
    "vpc_endpoint_appmesh_envoy_management_network_interface_ids": {
      "actions": [
        "create"
      ],
      "before": null,
      "after": [],
      "after_unknown": false
    },
    "vpc_endpoint_appstream_api_dns_entry": {
      "actions": [
        "create"
      ],
      "before": null,
      "after": [],
      "after_unknown": false
    },
    "vpc_endpoint_appstream_api_id": {
      "actions": [
        "create"
      ],
      "before": null,
      "after": "",
      "after_unknown": false
    },
    "vpc_endpoint_appstream_api_network_interface_ids": {
      "actions": [
        "create"
      ],
      "before": null,
      "after": [],
      "after_unknown": false
    },
    "vpc_endpoint_appstream_streaming_dns_entry": {
      "actions": [
        "create"
      ],
      "before": null,
      "after": [],
      "after_unknown": false
    },
    "vpc_endpoint_appstream_streaming_id": {
      "actions": [
        "create"
      ],
      "before": null,
      "after": "",
      "after_unknown": false
    },
    "vpc_endpoint_appstream_streaming_network_interface_ids": {
      "actions": [
        "create"
      ],
      "before": null,
      "after": [],
      "after_unknown": false
    },
    "vpc_endpoint_athena_dns_entry": {
      "actions": [
        "create"
      ],
      "before": null,
      "after": [],
      "after_unknown": false
    },
    "vpc_endpoint_athena_id": {
      "actions": [
        "create"
      ],
      "before": null,
      "after": "",
      "after_unknown": false
    },
    "vpc_endpoint_athena_network_interface_ids": {
      "actions": [
        "create"
      ],
      "before": null,
      "after": [],
      "after_unknown": false
    },
    "vpc_endpoint_auto_scaling_plans_dns_entry": {
      "actions": [
        "create"
      ],
      "before": null,
      "after": [],
      "after_unknown": false
    },
    "vpc_endpoint_auto_scaling_plans_id": {
      "actions": [
        "create"
      ],
      "before": null,
      "after": "",
      "after_unknown": false
    },
    "vpc_endpoint_auto_scaling_plans_network_interface_ids": {
      "actions": [
        "create"
      ],
      "before": null,
      "after": [],
      "after_unknown": false
    },
    "vpc_endpoint_cloud_directory_dns_entry": {
      "actions": [
        "create"
      ],
      "before": null,
      "after": [],
      "after_unknown": false
    },
    "vpc_endpoint_cloud_directory_id": {
      "actions": [
        "create"
      ],
      "before": null,
      "after": "",
      "after_unknown": false
    },
    "vpc_endpoint_cloud_directory_network_interface_ids": {
      "actions": [
        "create"
      ],
      "before": null,
      "after": [],
      "after_unknown": false
    },
    "vpc_endpoint_cloudformation_dns_entry": {
      "actions": [
        "create"
      ],
      "before": null,
      "after": [],
      "after_unknown": false
    },
    "vpc_endpoint_cloudformation_id": {
      "actions": [
        "create"
      ],
      "before": null,
      "after": "",
      "after_unknown": false
    },
    "vpc_endpoint_cloudformation_network_interface_ids": {
      "actions": [
        "create"
      ],
      "before": null,
      "after": [],
      "after_unknown": false
    },
    "vpc_endpoint_cloudtrail_dns_entry": {
      "actions": [
        "create"
      ],
      "before": null,
      "after": [],
      "after_unknown": false
    },
    "vpc_endpoint_cloudtrail_id": {
      "actions": [
        "create"
      ],
      "before": null,
      "after": "",
      "after_unknown": false
    },
    "vpc_endpoint_cloudtrail_network_interface_ids": {
      "actions": [
        "create"
      ],
      "before": null,
      "after": [],
      "after_unknown": false
    },
    "vpc_endpoint_codeartifact_api_dns_entry": {
      "actions": [
        "create"
      ],
      "before": null,
      "after": [],
      "after_unknown": false
    },
    "vpc_endpoint_codeartifact_api_id": {
      "actions": [
        "create"
      ],
      "before": null,
      "after": "",
      "after_unknown": false
    },
    "vpc_endpoint_codeartifact_api_network_interface_ids": {
      "actions": [
        "create"
      ],
      "before": null,
      "after": [],
      "after_unknown": false
    },
    "vpc_endpoint_codeartifact_repositories_dns_entry": {
      "actions": [
        "create"
      ],
      "before": null,
      "after": [],
      "after_unknown": false
    },
    "vpc_endpoint_codeartifact_repositories_id": {
      "actions": [
        "create"
      ],
      "before": null,
      "after": "",
      "after_unknown": false
    },
    "vpc_endpoint_codeartifact_repositories_network_interface_ids": {
      "actions": [
        "create"
      ],
      "before": null,
      "after": [],
      "after_unknown": false
    },
    "vpc_endpoint_codebuild_dns_entry": {
      "actions": [
        "create"
      ],
      "before": null,
      "after": [],
      "after_unknown": false
    },
    "vpc_endpoint_codebuild_id": {
      "actions": [
        "create"
      ],
      "before": null,
      "after": "",
      "after_unknown": false
    },
    "vpc_endpoint_codebuild_network_interface_ids": {
      "actions": [
        "create"
      ],
      "before": null,
      "after": [],
      "after_unknown": false
    },
    "vpc_endpoint_codecommit_dns_entry": {
      "actions": [
        "create"
      ],
      "before": null,
      "after": [],
      "after_unknown": false
    },
    "vpc_endpoint_codecommit_id": {
      "actions": [
        "create"
      ],
      "before": null,
      "after": "",
      "after_unknown": false
    },
    "vpc_endpoint_codecommit_network_interface_ids": {
      "actions": [
        "create"
      ],
      "before": null,
      "after": [],
      "after_unknown": false
    },
    "vpc_endpoint_codepipeline_dns_entry": {
      "actions": [
        "create"
      ],
      "before": null,
      "after": [],
      "after_unknown": false
    },
    "vpc_endpoint_codepipeline_id": {
      "actions": [
        "create"
      ],
      "before": null,
      "after": "",
      "after_unknown": false
    },
    "vpc_endpoint_codepipeline_network_interface_ids": {
      "actions": [
        "create"
      ],
      "before": null,
      "after": [],
      "after_unknown": false
    },
    "vpc_endpoint_config_dns_entry": {
      "actions": [
        "create"
      ],
      "before": null,
      "after": [],
      "after_unknown": false
    },
    "vpc_endpoint_config_id": {
      "actions": [
        "create"
      ],
      "before": null,
      "after": "",
      "after_unknown": false
    },
    "vpc_endpoint_config_network_interface_ids": {
      "actions": [
        "create"
      ],
      "before": null,
      "after": [],
      "after_unknown": false
    },
    "vpc_endpoint_datasync_dns_entry": {
      "actions": [
        "create"
      ],
      "before": null,
      "after": [],
      "after_unknown": false
    },
    "vpc_endpoint_datasync_id": {
      "actions": [
        "create"
      ],
      "before": null,
      "after": "",
      "after_unknown": false
    },
    "vpc_endpoint_datasync_network_interface_ids": {
      "actions": [
        "create"
      ],
      "before": null,
      "after": [],
      "after_unknown": false
    },
    "vpc_endpoint_dms_dns_entry": {
      "actions": [
        "create"
      ],
      "before": null,
      "after": [],
      "after_unknown": false
    },
    "vpc_endpoint_dms_id": {
      "actions": [
        "create"
      ],
      "before": null,
      "after": "",
      "after_unknown": false
    },
    "vpc_endpoint_dms_network_interface_ids": {
      "actions": [
        "create"
      ],
      "before": null,
      "after": [],
      "after_unknown": false
    },
    "vpc_endpoint_dynamodb_id": {
      "actions": [
        "create"
      ],
      "before": null,
      "after": "",
      "after_unknown": false
    },
    "vpc_endpoint_dynamodb_pl_id": {
      "actions": [
        "create"
      ],
      "before": null,
      "after": "",
      "after_unknown": false
    },
    "vpc_endpoint_ebs_dns_entry": {
      "actions": [
        "create"
      ],
      "before": null,
      "after": [],
      "after_unknown": false
    },
    "vpc_endpoint_ebs_id": {
      "actions": [
        "create"
      ],
      "before": null,
      "after": "",
      "after_unknown": false
    },
    "vpc_endpoint_ebs_network_interface_ids": {
      "actions": [
        "create"
      ],
      "before": null,
      "after": [],
      "after_unknown": false
    },
    "vpc_endpoint_ec2_autoscaling_dns_entry": {
      "actions": [
        "create"
      ],
      "before": null,
      "after": [],
      "after_unknown": false
    },
    "vpc_endpoint_ec2_autoscaling_id": {
      "actions": [
        "create"
      ],
      "before": null,
      "after": "",
      "after_unknown": false
    },
    "vpc_endpoint_ec2_autoscaling_network_interface_ids": {
      "actions": [
        "create"
      ],
      "before": null,
      "after": [],
      "after_unknown": false
    },
    "vpc_endpoint_ec2_dns_entry": {
      "actions": [
        "create"
      ],
      "before": null,
      "after": [],
      "after_unknown": false
    },
    "vpc_endpoint_ec2_id": {
      "actions": [
        "create"
      ],
      "before": null,
      "after": "",
      "after_unknown": false
    },
    "vpc_endpoint_ec2_network_interface_ids": {
      "actions": [
        "create"
      ],
      "before": null,
      "after": [],
      "after_unknown": false
    },
    "vpc_endpoint_ec2messages_dns_entry": {
      "actions": [
        "create"
      ],
      "before": null,
      "after": [],
      "after_unknown": false
    },
    "vpc_endpoint_ec2messages_id": {
      "actions": [
        "create"
      ],
      "before": null,
      "after": "",
      "after_unknown": false
    },
    "vpc_endpoint_ec2messages_network_interface_ids": {
      "actions": [
        "create"
      ],
      "before": null,
      "after": [],
      "after_unknown": false
    },
    "vpc_endpoint_ecr_api_dns_entry": {
      "actions": [
        "create"
      ],
      "before": null,
      "after": [],
      "after_unknown": false
    },
    "vpc_endpoint_ecr_api_id": {
      "actions": [
        "create"
      ],
      "before": null,
      "after": "",
      "after_unknown": false
    },
    "vpc_endpoint_ecr_api_network_interface_ids": {
      "actions": [
        "create"
      ],
      "before": null,
      "after": [],
      "after_unknown": false
    },
    "vpc_endpoint_ecr_dkr_dns_entry": {
      "actions": [
        "create"
      ],
      "before": null,
      "after": [],
      "after_unknown": false
    },
    "vpc_endpoint_ecr_dkr_id": {
      "actions": [
        "create"
      ],
      "before": null,
      "after": "",
      "after_unknown": false
    },
    "vpc_endpoint_ecr_dkr_network_interface_ids": {
      "actions": [
        "create"
      ],
      "before": null,
      "after": [],
      "after_unknown": false
    },
    "vpc_endpoint_ecs_agent_dns_entry": {
      "actions": [
        "create"
      ],
      "before": null,
      "after": [],
      "after_unknown": false
    },
    "vpc_endpoint_ecs_agent_id": {
      "actions": [
        "create"
      ],
      "before": null,
      "after": "",
      "after_unknown": false
    },
    "vpc_endpoint_ecs_agent_network_interface_ids": {
      "actions": [
        "create"
      ],
      "before": null,
      "after": [],
      "after_unknown": false
    },
    "vpc_endpoint_ecs_dns_entry": {
      "actions": [
        "create"
      ],
      "before": null,
      "after": [],
      "after_unknown": false
    },
    "vpc_endpoint_ecs_id": {
      "actions": [
        "create"
      ],
      "before": null,
      "after": "",
      "after_unknown": false
    },
    "vpc_endpoint_ecs_network_interface_ids": {
      "actions": [
        "create"
      ],
      "before": null,
      "after": [],
      "after_unknown": false
    },
    "vpc_endpoint_ecs_telemetry_dns_entry": {
      "actions": [
        "create"
      ],
      "before": null,
      "after": [],
      "after_unknown": false
    },
    "vpc_endpoint_ecs_telemetry_id": {
      "actions": [
        "create"
      ],
      "before": null,
      "after": "",
      "after_unknown": false
    },
    "vpc_endpoint_ecs_telemetry_network_interface_ids": {
      "actions": [
        "create"
      ],
      "before": null,
      "after": [],
      "after_unknown": false
    },
    "vpc_endpoint_efs_dns_entry": {
      "actions": [
        "create"
      ],
      "before": null,
      "after": [],
      "after_unknown": false
    },
    "vpc_endpoint_efs_id": {
      "actions": [
        "create"
      ],
      "before": null,
      "after": "",
      "after_unknown": false
    },
    "vpc_endpoint_efs_network_interface_ids": {
      "actions": [
        "create"
      ],
      "before": null,
      "after": [],
      "after_unknown": false
    },
    "vpc_endpoint_elastic_inference_runtime_dns_entry": {
      "actions": [
        "create"
      ],
      "before": null,
      "after": [],
      "after_unknown": false
    },
    "vpc_endpoint_elastic_inference_runtime_id": {
      "actions": [
        "create"
      ],
      "before": null,
      "after": "",
      "after_unknown": false
    },
    "vpc_endpoint_elastic_inference_runtime_network_interface_ids": {
      "actions": [
        "create"
      ],
      "before": null,
      "after": [],
      "after_unknown": false
    },
    "vpc_endpoint_elasticbeanstalk_dns_entry": {
      "actions": [
        "create"
      ],
      "before": null,
      "after": [],
      "after_unknown": false
    },
    "vpc_endpoint_elasticbeanstalk_health_dns_entry": {
      "actions": [
        "create"
      ],
      "before": null,
      "after": [],
      "after_unknown": false
    },
    "vpc_endpoint_elasticbeanstalk_health_id": {
      "actions": [
        "create"
      ],
      "before": null,
      "after": "",
      "after_unknown": false
    },
    "vpc_endpoint_elasticbeanstalk_health_network_interface_ids": {
      "actions": [
        "create"
      ],
      "before": null,
      "after": [],
      "after_unknown": false
    },
    "vpc_endpoint_elasticbeanstalk_id": {
      "actions": [
        "create"
      ],
      "before": null,
      "after": "",
      "after_unknown": false
    },
    "vpc_endpoint_elasticbeanstalk_network_interface_ids": {
      "actions": [
        "create"
      ],
      "before": null,
      "after": [],
      "after_unknown": false
    },
    "vpc_endpoint_elasticloadbalancing_dns_entry": {
      "actions": [
        "create"
      ],
      "before": null,
      "after": [],
      "after_unknown": false
    },
    "vpc_endpoint_elasticloadbalancing_id": {
      "actions": [
        "create"
      ],
      "before": null,
      "after": "",
      "after_unknown": false
    },
    "vpc_endpoint_elasticloadbalancing_network_interface_ids": {
      "actions": [
        "create"
      ],
      "before": null,
      "after": [],
      "after_unknown": false
    },
    "vpc_endpoint_elasticmapreduce_dns_entry": {
      "actions": [
        "create"
      ],
      "before": null,
      "after": [],
      "after_unknown": false
    },
    "vpc_endpoint_elasticmapreduce_id": {
      "actions": [
        "create"
      ],
      "before": null,
      "after": "",
      "after_unknown": false
    },
    "vpc_endpoint_elasticmapreduce_network_interface_ids": {
      "actions": [
        "create"
      ],
      "before": null,
      "after": [],
      "after_unknown": false
    },
    "vpc_endpoint_events_dns_entry": {
      "actions": [
        "create"
      ],
      "before": null,
      "after": [],
      "after_unknown": false
    },
    "vpc_endpoint_events_id": {
      "actions": [
        "create"
      ],
      "before": null,
      "after": "",
      "after_unknown": false
    },
    "vpc_endpoint_events_network_interface_ids": {
      "actions": [
        "create"
      ],
      "before": null,
      "after": [],
      "after_unknown": false
    },
    "vpc_endpoint_git_codecommit_dns_entry": {
      "actions": [
        "create"
      ],
      "before": null,
      "after": [],
      "after_unknown": false
    },
    "vpc_endpoint_git_codecommit_id": {
      "actions": [
        "create"
      ],
      "before": null,
      "after": "",
      "after_unknown": false
    },
    "vpc_endpoint_git_codecommit_network_interface_ids": {
      "actions": [
        "create"
      ],
      "before": null,
      "after": [],
      "after_unknown": false
    },
    "vpc_endpoint_glue_dns_entry": {
      "actions": [
        "create"
      ],
      "before": null,
      "after": [],
      "after_unknown": false
    },
    "vpc_endpoint_glue_id": {
      "actions": [
        "create"
      ],
      "before": null,
      "after": "",
      "after_unknown": false
    },
    "vpc_endpoint_glue_network_interface_ids": {
      "actions": [
        "create"
      ],
      "before": null,
      "after": [],
      "after_unknown": false
    },
    "vpc_endpoint_kinesis_firehose_dns_entry": {
      "actions": [
        "create"
      ],
      "before": null,
      "after": [],
      "after_unknown": false
    },
    "vpc_endpoint_kinesis_firehose_id": {
      "actions": [
        "create"
      ],
      "before": null,
      "after": "",
      "after_unknown": false
    },
    "vpc_endpoint_kinesis_firehose_network_interface_ids": {
      "actions": [
        "create"
      ],
      "before": null,
      "after": [],
      "after_unknown": false
    },
    "vpc_endpoint_kinesis_streams_dns_entry": {
      "actions": [
        "create"
      ],
      "before": null,
      "after": [],
      "after_unknown": false
    },
    "vpc_endpoint_kinesis_streams_id": {
      "actions": [
        "create"
      ],
      "before": null,
      "after": "",
      "after_unknown": false
    },
    "vpc_endpoint_kinesis_streams_network_interface_ids": {
      "actions": [
        "create"
      ],
      "before": null,
      "after": [],
      "after_unknown": false
    },
    "vpc_endpoint_kms_dns_entry": {
      "actions": [
        "create"
      ],
      "before": null,
      "after": [],
      "after_unknown": false
    },
    "vpc_endpoint_kms_id": {
      "actions": [
        "create"
      ],
      "before": null,
      "after": "",
      "after_unknown": false
    },
    "vpc_endpoint_kms_network_interface_ids": {
      "actions": [
        "create"
      ],
      "before": null,
      "after": [],
      "after_unknown": false
    },
    "vpc_endpoint_lambda_dns_entry": {
      "actions": [
        "create"
      ],
      "before": null,
      "after": [],
      "after_unknown": false
    },
    "vpc_endpoint_lambda_id": {
      "actions": [
        "create"
      ],
      "before": null,
      "after": "",
      "after_unknown": false
    },
    "vpc_endpoint_lambda_network_interface_ids": {
      "actions": [
        "create"
      ],
      "before": null,
      "after": [],
      "after_unknown": false
    },
    "vpc_endpoint_logs_dns_entry": {
      "actions": [
        "create"
      ],
      "before": null,
      "after": [],
      "after_unknown": false
    },
    "vpc_endpoint_logs_id": {
      "actions": [
        "create"
      ],
      "before": null,
      "after": "",
      "after_unknown": false
    },
    "vpc_endpoint_logs_network_interface_ids": {
      "actions": [
        "create"
      ],
      "before": null,
      "after": [],
      "after_unknown": false
    },
    "vpc_endpoint_monitoring_dns_entry": {
      "actions": [
        "create"
      ],
      "before": null,
      "after": [],
      "after_unknown": false
    },
    "vpc_endpoint_monitoring_id": {
      "actions": [
        "create"
      ],
      "before": null,
      "after": "",
      "after_unknown": false
    },
    "vpc_endpoint_monitoring_network_interface_ids": {
      "actions": [
        "create"
      ],
      "before": null,
      "after": [],
      "after_unknown": false
    },
    "vpc_endpoint_qldb_session_dns_entry": {
      "actions": [
        "create"
      ],
      "before": null,
      "after": [],
      "after_unknown": false
    },
    "vpc_endpoint_qldb_session_id": {
      "actions": [
        "create"
      ],
      "before": null,
      "after": "",
      "after_unknown": false
    },
    "vpc_endpoint_qldb_session_network_interface_ids": {
      "actions": [
        "create"
      ],
      "before": null,
      "after": [],
      "after_unknown": false
    },
    "vpc_endpoint_rds_dns_entry": {
      "actions": [
        "create"
      ],
      "before": null,
      "after": [],
      "after_unknown": false
    },
    "vpc_endpoint_rds_id": {
      "actions": [
        "create"
      ],
      "before": null,
      "after": "",
      "after_unknown": false
    },
    "vpc_endpoint_rds_network_interface_ids": {
      "actions": [
        "create"
      ],
      "before": null,
      "after": [],
      "after_unknown": false
    },
    "vpc_endpoint_rekognition_dns_entry": {
      "actions": [
        "create"
      ],
      "before": null,
      "after": [],
      "after_unknown": false
    },
    "vpc_endpoint_rekognition_id": {
      "actions": [
        "create"
      ],
      "before": null,
      "after": "",
      "after_unknown": false
    },
    "vpc_endpoint_rekognition_network_interface_ids": {
      "actions": [
        "create"
      ],
      "before": null,
      "after": [],
      "after_unknown": false
    },
    "vpc_endpoint_s3_id": {
      "actions": [
        "create"
      ],
      "before": null,
      "after": "",
      "after_unknown": false
    },
    "vpc_endpoint_s3_pl_id": {
      "actions": [
        "create"
      ],
      "before": null,
      "after": "",
      "after_unknown": false
    },
    "vpc_endpoint_sagemaker_api_dns_entry": {
      "actions": [
        "create"
      ],
      "before": null,
      "after": [],
      "after_unknown": false
    },
    "vpc_endpoint_sagemaker_api_id": {
      "actions": [
        "create"
      ],
      "before": null,
      "after": "",
      "after_unknown": false
    },
    "vpc_endpoint_sagemaker_api_network_interface_ids": {
      "actions": [
        "create"
      ],
      "before": null,
      "after": [],
      "after_unknown": false
    },
    "vpc_endpoint_sagemaker_runtime_dns_entry": {
      "actions": [
        "create"
      ],
      "before": null,
      "after": [],
      "after_unknown": false
    },
    "vpc_endpoint_sagemaker_runtime_id": {
      "actions": [
        "create"
      ],
      "before": null,
      "after": "",
      "after_unknown": false
    },
    "vpc_endpoint_sagemaker_runtime_network_interface_ids": {
      "actions": [
        "create"
      ],
      "before": null,
      "after": [],
      "after_unknown": false
    },
    "vpc_endpoint_secretsmanager_dns_entry": {
      "actions": [
        "create"
      ],
      "before": null,
      "after": [],
      "after_unknown": false
    },
    "vpc_endpoint_secretsmanager_id": {
      "actions": [
        "create"
      ],
      "before": null,
      "after": "",
      "after_unknown": false
    },
    "vpc_endpoint_secretsmanager_network_interface_ids": {
      "actions": [
        "create"
      ],
      "before": null,
      "after": [],
      "after_unknown": false
    },
    "vpc_endpoint_servicecatalog_dns_entry": {
      "actions": [
        "create"
      ],
      "before": null,
      "after": [],
      "after_unknown": false
    },
    "vpc_endpoint_servicecatalog_id": {
      "actions": [
        "create"
      ],
      "before": null,
      "after": "",
      "after_unknown": false
    },
    "vpc_endpoint_servicecatalog_network_interface_ids": {
      "actions": [
        "create"
      ],
      "before": null,
      "after": [],
      "after_unknown": false
    },
    "vpc_endpoint_ses_dns_entry": {
      "actions": [
        "create"
      ],
      "before": null,
      "after": [],
      "after_unknown": false
    },
    "vpc_endpoint_ses_id": {
      "actions": [
        "create"
      ],
      "before": null,
      "after": "",
      "after_unknown": false
    },
    "vpc_endpoint_ses_network_interface_ids": {
      "actions": [
        "create"
      ],
      "before": null,
      "after": [],
      "after_unknown": false
    },
    "vpc_endpoint_sms_dns_entry": {
      "actions": [
        "create"
      ],
      "before": null,
      "after": [],
      "after_unknown": false
    },
    "vpc_endpoint_sms_id": {
      "actions": [
        "create"
      ],
      "before": null,
      "after": "",
      "after_unknown": false
    },
    "vpc_endpoint_sms_network_interface_ids": {
      "actions": [
        "create"
      ],
      "before": null,
      "after": [],
      "after_unknown": false
    },
    "vpc_endpoint_sns_dns_entry": {
      "actions": [
        "create"
      ],
      "before": null,
      "after": [],
      "after_unknown": false
    },
    "vpc_endpoint_sns_id": {
      "actions": [
        "create"
      ],
      "before": null,
      "after": "",
      "after_unknown": false
    },
    "vpc_endpoint_sns_network_interface_ids": {
      "actions": [
        "create"
      ],
      "before": null,
      "after": [],
      "after_unknown": false
    },
    "vpc_endpoint_sqs_dns_entry": {
      "actions": [
        "create"
      ],
      "before": null,
      "after": [],
      "after_unknown": false
    },
    "vpc_endpoint_sqs_id": {
      "actions": [
        "create"
      ],
      "before": null,
      "after": "",
      "after_unknown": false
    },
    "vpc_endpoint_sqs_network_interface_ids": {
      "actions": [
        "create"
      ],
      "before": null,
      "after": [],
      "after_unknown": false
    },
    "vpc_endpoint_ssm_dns_entry": {
      "actions": [
        "create"
      ],
      "before": null,
      "after": [],
      "after_unknown": false
    },
    "vpc_endpoint_ssm_id": {
      "actions": [
        "create"
      ],
      "before": null,
      "after": "",
      "after_unknown": false
    },
    "vpc_endpoint_ssm_network_interface_ids": {
      "actions": [
        "create"
      ],
      "before": null,
      "after": [],
      "after_unknown": false
    },
    "vpc_endpoint_ssmmessages_dns_entry": {
      "actions": [
        "create"
      ],
      "before": null,
      "after": [],
      "after_unknown": false
    },
    "vpc_endpoint_ssmmessages_id": {
      "actions": [
        "create"
      ],
      "before": null,
      "after": "",
      "after_unknown": false
    },
    "vpc_endpoint_ssmmessages_network_interface_ids": {
      "actions": [
        "create"
      ],
      "before": null,
      "after": [],
      "after_unknown": false
    },
    "vpc_endpoint_states_dns_entry": {
      "actions": [
        "create"
      ],
      "before": null,
      "after": [],
      "after_unknown": false
    },
    "vpc_endpoint_states_id": {
      "actions": [
        "create"
      ],
      "before": null,
      "after": "",
      "after_unknown": false
    },
    "vpc_endpoint_states_network_interface_ids": {
      "actions": [
        "create"
      ],
      "before": null,
      "after": [],
      "after_unknown": false
    },
    "vpc_endpoint_storagegateway_dns_entry": {
      "actions": [
        "create"
      ],
      "before": null,
      "after": [],
      "after_unknown": false
    },
    "vpc_endpoint_storagegateway_id": {
      "actions": [
        "create"
      ],
      "before": null,
      "after": "",
      "after_unknown": false
    },
    "vpc_endpoint_storagegateway_network_interface_ids": {
      "actions": [
        "create"
      ],
      "before": null,
      "after": [],
      "after_unknown": false
    },
    "vpc_endpoint_sts_dns_entry": {
      "actions": [
        "create"
      ],
      "before": null,
      "after": [],
      "after_unknown": false
    },
    "vpc_endpoint_sts_id": {
      "actions": [
        "create"
      ],
      "before": null,
      "after": "",
      "after_unknown": false
    },
    "vpc_endpoint_sts_network_interface_ids": {
      "actions": [
        "create"
      ],
      "before": null,
      "after": [],
      "after_unknown": false
    },
    "vpc_endpoint_textract_dns_entry": {
      "actions": [
        "create"
      ],
      "before": null,
      "after": [],
      "after_unknown": false
    },
    "vpc_endpoint_textract_id": {
      "actions": [
        "create"
      ],
      "before": null,
      "after": "",
      "after_unknown": false
    },
    "vpc_endpoint_textract_network_interface_ids": {
      "actions": [
        "create"
      ],
      "before": null,
      "after": [],
      "after_unknown": false
    },
    "vpc_endpoint_transfer_dns_entry": {
      "actions": [
        "create"
      ],
      "before": null,
      "after": [],
      "after_unknown": false
    },
    "vpc_endpoint_transfer_id": {
      "actions": [
        "create"
      ],
      "before": null,
      "after": "",
      "after_unknown": false
    },
    "vpc_endpoint_transfer_network_interface_ids": {
      "actions": [
        "create"
      ],
      "before": null,
      "after": [],
      "after_unknown": false
    },
    "vpc_endpoint_transferserver_dns_entry": {
      "actions": [
        "create"
      ],
      "before": null,
      "after": [],
      "after_unknown": false
    },
    "vpc_endpoint_transferserver_id": {
      "actions": [
        "create"
      ],
      "before": null,
      "after": "",
      "after_unknown": false
    },
    "vpc_endpoint_transferserver_network_interface_ids": {
      "actions": [
        "create"
      ],
      "before": null,
      "after": [],
      "after_unknown": false
    },
    "vpc_endpoint_workspaces_dns_entry": {
      "actions": [
        "create"
      ],
      "before": null,
      "after": [],
      "after_unknown": false
    },
    "vpc_endpoint_workspaces_id": {
      "actions": [
        "create"
      ],
      "before": null,
      "after": "",
      "after_unknown": false
    },
    "vpc_endpoint_workspaces_network_interface_ids": {
      "actions": [
        "create"
      ],
      "before": null,
      "after": [],
      "after_unknown": false
    },
    "vpc_flow_log_cloudwatch_iam_role_arn": {
      "actions": [
        "create"
      ],
      "before": null,
      "after": "",
      "after_unknown": false
    },
    "vpc_flow_log_destination_arn": {
      "actions": [
        "create"
      ],
      "before": null,
      "after": "",
      "after_unknown": false
    },
    "vpc_flow_log_destination_type": {
      "actions": [
        "create"
      ],
      "before": null,
      "after": "cloud-watch-logs",
      "after_unknown": false
    },
    "vpc_flow_log_id": {
      "actions": [
        "create"
      ],
      "before": null,
      "after": "",
      "after_unknown": false
    },
    "vpc_id": {
      "actions": [
        "create"
      ],
      "before": null,
      "after": "module.vpc.aws_vpc.this[0].id",
      "after_unknown": false
    },
    "vpc_instance_tenancy": {
      "actions": [
        "create"
      ],
      "before": null,
      "after": "default",
      "after_unknown": false
    },
    "vpc_ipv6_association_id": {
      "actions": [
        "create"
      ],
      "before": null,
      "after": "module.vpc.aws_vpc.this[0].ipv6_association_id",
      "after_unknown": false
    },
    "vpc_ipv6_cidr_block": {
      "actions": [
        "create"
      ],
      "before": null,
      "after_unknown": true
    },
    "vpc_main_route_table_id": {
      "actions": [
        "create"
      ],
      "before": null,
      "after": "module.vpc.aws_vpc.this[0].main_route_table_id",
      "after_unknown": false
    },
    "vpc_owner_id": {
      "actions": [
        "create"
      ],
      "before": null,
      "after": "module.vpc.aws_vpc.this[0].owner_id",
      "after_unknown": false
    },
    "vpc_secondary_cidr_blocks": {
      "actions": [
        "create"
      ],
      "before": null,
      "after": [],
      "after_unknown": false
    }
  },
  "prior_state": {
    "format_version": "0.1",
    "terraform_version": "0.13.4",
    "values": {
      "root_module": {
        "resources": [
          {
            "address": "data.aws_availability_zones.available",
            "mode": "data",
            "type": "aws_availability_zones",
            "name": "available",
            "provider_name": "registry.terraform.io/hashicorp/aws",
            "schema_version": 0,
            "values": {
              "all_availability_zones": null,
              "exclude_names": null,
              "exclude_zone_ids": null,
              "filter": null,
              "group_names": [
                "us-east-1"
              ],
              "id": "us-east-1",
              "names": [
                "us-east-1a",
                "us-east-1b",
                "us-east-1c",
                "us-east-1d",
                "us-east-1e",
                "us-east-1f"
              ],
              "state": "available",
              "zone_ids": [
                "use1-az1",
                "use1-az2",
                "use1-az4",
                "use1-az6",
                "use1-az3",
                "use1-az5"
              ]
            }
          }
        ]
      }
    }
  },
  "configuration": {
    "provider_config": {
      "aws": {
        "name": "aws",
        "expressions": {
          "region": {
            "constant_value": "us-east-1"
          }
        }
      }
    },
    "root_module": {
      "resources": [
        {
          "address": "aws_emr_cluster.test",
          "mode": "managed",
          "type": "aws_emr_cluster",
          "name": "test",
          "provider_config_key": "aws",
          "expressions": {
            "applications": {
              "constant_value": [
                "Spark"
              ]
            },
            "core_instance_group": [
              {
                "ebs_config": [
                  {
                    "size": {
                      "constant_value": "40"
                    },
                    "type": {
                      "constant_value": "gp2"
                    },
                    "volumes_per_instance": {
                      "constant_value": 1
                    }
                  }
                ],
                "instance_count": {
                  "constant_value": 1
                },
                "instance_type": {
                  "constant_value": "c4.large"
                }
              }
            ],
            "ebs_root_volume_size": {
              "constant_value": 100
            },
            "ec2_attributes": [
              {
                "instance_profile": {
                  "references": [
                    "aws_iam_instance_profile.emr_profile"
                  ]
                }
              }
            ],
            "master_instance_group": [
              {
                "instance_type": {
                  "constant_value": "m4.large"
                }
              }
            ],
            "name": {
              "constant_value": "emr-test"
            },
            "release_label": {
              "constant_value": "emr-4.6.0"
            },
            "service_role": {
              "references": [
                "aws_iam_role.iam_emr_service_role"
              ]
            }
          },
          "schema_version": 0,
          "depends_on": [
            "module.vpc"
          ],
          "raw_data": {
            "FileName": "main.tf",
            "StartLine": 305,
            "EndLine": 332
          }
        },
        {
          "address": "aws_iam_instance_profile.emr_profile",
          "mode": "managed",
          "type": "aws_iam_instance_profile",
          "name": "emr_profile",
          "provider_config_key": "aws",
          "expressions": {
            "name": {
              "constant_value": "emr_profile"
            },
            "role": {
              "references": [
                "aws_iam_role.iam_emr_profile_role"
              ]
            }
          },
          "schema_version": 0,
          "raw_data": {
            "FileName": "main.tf",
            "StartLine": 210,
            "EndLine": 213
          }
        },
        {
          "address": "aws_iam_role.iam_emr_profile_role",
          "mode": "managed",
          "type": "aws_iam_role",
          "name": "iam_emr_profile_role",
          "provider_config_key": "aws",
          "expressions": {
            "assume_role_policy": {
              "constant_value": "{\n  \"Version\": \"2008-10-17\",\n  \"Statement\": [\n    {\n      \"Sid\": \"\",\n      \"Effect\": \"Allow\",\n      \"Principal\": {\n        \"Service\": \"ec2.amazonaws.com\"\n      },\n      \"Action\": \"sts:AssumeRole\"\n    }\n  ]\n}\n"
            },
            "name": {
              "constant_value": "iam_emr_profile_role"
            }
          },
          "schema_version": 0,
          "raw_data": {
            "FileName": "main.tf",
            "StartLine": 190,
            "EndLine": 208
          }
        },
        {
          "address": "aws_iam_role.iam_emr_service_role",
          "mode": "managed",
          "type": "aws_iam_role",
          "name": "iam_emr_service_role",
          "provider_config_key": "aws",
          "expressions": {
            "assume_role_policy": {
              "constant_value": "{\n  \"Version\": \"2008-10-17\",\n  \"Statement\": [\n    {\n      \"Sid\": \"\",\n      \"Effect\": \"Allow\",\n      \"Principal\": {\n        \"Service\": \"elasticmapreduce.amazonaws.com\"\n      },\n      \"Action\": \"sts:AssumeRole\"\n    }\n  ]\n}\n"
            },
            "name": {
              "constant_value": "iam_emr_service_role"
            }
          },
          "schema_version": 0,
          "raw_data": {
            "FileName": "main.tf",
            "StartLine": 285,
            "EndLine": 303
          }
        },
        {
          "address": "aws_iam_role_policy.iam_emr_profile_policy",
          "mode": "managed",
          "type": "aws_iam_role_policy",
          "name": "iam_emr_profile_policy",
          "provider_config_key": "aws",
          "expressions": {
            "name": {
              "constant_value": "iam_emr_profile_policy"
            },
            "policy": {
              "constant_value": "{\n    \"Version\": \"2012-10-17\",\n    \"Statement\": [{\n        \"Effect\": \"Allow\",\n        \"Resource\": \"*\",\n        \"Action\": [\n            \"cloudwatch:*\",\n            \"dynamodb:*\",\n            \"ec2:Describe*\",\n            \"elasticmapreduce:Describe*\",\n            \"elasticmapreduce:ListBootstrapActions\",\n            \"elasticmapreduce:ListClusters\",\n            \"elasticmapreduce:ListInstanceGroups\",\n            \"elasticmapreduce:ListInstances\",\n            \"elasticmapreduce:ListSteps\",\n            \"kinesis:CreateStream\",\n            \"kinesis:DeleteStream\",\n            \"kinesis:DescribeStream\",\n            \"kinesis:GetRecords\",\n            \"kinesis:GetShardIterator\",\n            \"kinesis:MergeShards\",\n            \"kinesis:PutRecord\",\n            \"kinesis:SplitShard\",\n            \"rds:Describe*\",\n            \"s3:*\",\n            \"sdb:*\",\n            \"sns:*\",\n            \"sqs:*\"\n        ]\n    }]\n}\n"
            },
            "role": {
              "references": [
                "aws_iam_role.iam_emr_profile_role"
              ]
            }
          },
          "schema_version": 0,
          "raw_data": {
            "FileName": "main.tf",
            "StartLine": 151,
            "EndLine": 188
          }
        },
        {
          "address": "aws_iam_role_policy.iam_emr_service_policy",
          "mode": "managed",
          "type": "aws_iam_role_policy",
          "name": "iam_emr_service_policy",
          "provider_config_key": "aws",
          "expressions": {
            "name": {
              "constant_value": "iam_emr_service_policy"
            },
            "policy": {
              "constant_value": "{\n    \"Version\": \"2012-10-17\",\n    \"Statement\": [{\n        \"Effect\": \"Allow\",\n        \"Resource\": \"*\",\n        \"Action\": [\n            \"ec2:AuthorizeSecurityGroupEgress\",\n            \"ec2:AuthorizeSecurityGroupIngress\",\n            \"ec2:CancelSpotInstanceRequests\",\n            \"ec2:CreateNetworkInterface\",\n            \"ec2:CreateSecurityGroup\",\n            \"ec2:CreateTags\",\n            \"ec2:DeleteNetworkInterface\",\n            \"ec2:DeleteSecurityGroup\",\n            \"ec2:DeleteTags\",\n            \"ec2:DescribeAvailabilityZones\",\n            \"ec2:DescribeAccountAttributes\",\n            \"ec2:DescribeDhcpOptions\",\n            \"ec2:DescribeInstanceStatus\",\n            \"ec2:DescribeInstances\",\n            \"ec2:DescribeKeyPairs\",\n            \"ec2:DescribeNetworkAcls\",\n            \"ec2:DescribeNetworkInterfaces\",\n            \"ec2:DescribePrefixLists\",\n            \"ec2:DescribeRouteTables\",\n            \"ec2:DescribeSecurityGroups\",\n            \"ec2:DescribeSpotInstanceRequests\",\n            \"ec2:DescribeSpotPriceHistory\",\n            \"ec2:DescribeSubnets\",\n            \"ec2:DescribeVpcAttribute\",\n            \"ec2:DescribeVpcEndpoints\",\n            \"ec2:DescribeVpcEndpointServices\",\n            \"ec2:DescribeVpcs\",\n            \"ec2:DetachNetworkInterface\",\n            \"ec2:ModifyImageAttribute\",\n            \"ec2:ModifyInstanceAttribute\",\n            \"ec2:RequestSpotInstances\",\n            \"ec2:RevokeSecurityGroupEgress\",\n            \"ec2:RunInstances\",\n            \"ec2:TerminateInstances\",\n            \"ec2:DeleteVolume\",\n            \"ec2:DescribeVolumeStatus\",\n            \"ec2:DescribeVolumes\",\n            \"ec2:DetachVolume\",\n            \"iam:GetRole\",\n            \"iam:GetRolePolicy\",\n            \"iam:ListInstanceProfiles\",\n            \"iam:ListRolePolicies\",\n            \"iam:PassRole\",\n            \"s3:CreateBucket\",\n            \"s3:Get*\",\n            \"s3:List*\",\n            \"sdb:BatchPutAttributes\",\n            \"sdb:Select\",\n            \"sqs:CreateQueue\",\n            \"sqs:Delete*\",\n            \"sqs:GetQueue*\",\n            \"sqs:PurgeQueue\",\n            \"sqs:ReceiveMessage\"\n        ]\n    }]\n}\n"
            },
            "role": {
              "references": [
                "aws_iam_role.iam_emr_service_role"
              ]
            }
          },
          "schema_version": 0,
          "raw_data": {
            "FileName": "main.tf",
            "StartLine": 215,
            "EndLine": 283
          }
        },
        {
          "address": "aws_security_group.additional_master_1",
          "mode": "managed",
          "type": "aws_security_group",
          "name": "additional_master_1",
          "provider_config_key": "aws",
          "expressions": {
            "description": {
              "constant_value": "EMR master1 SG"
            },
            "name": {
              "constant_value": "emr_master1_sg"
            },
            "vpc_id": {
              "references": [
                "module.vpc.vpc_id"
              ]
            }
          },
          "schema_version": 1,
          "raw_data": {
            "FileName": "main.tf",
            "StartLine": 24,
            "EndLine": 43
          }
        },
        {
          "address": "aws_security_group.additional_master_2",
          "mode": "managed",
          "type": "aws_security_group",
          "name": "additional_master_2",
          "provider_config_key": "aws",
          "expressions": {
            "description": {
              "constant_value": "EMR master2 SG"
            },
            "name": {
              "constant_value": "emr_master2_sg"
            },
            "vpc_id": {
              "references": [
                "module.vpc.vpc_id"
              ]
            }
          },
          "schema_version": 1,
          "raw_data": {
            "FileName": "main.tf",
            "StartLine": 45,
            "EndLine": 64
          }
        },
        {
          "address": "aws_security_group.additional_slave_1",
          "mode": "managed",
          "type": "aws_security_group",
          "name": "additional_slave_1",
          "provider_config_key": "aws",
          "expressions": {
            "description": {
              "constant_value": "EMR slave1 SG"
            },
            "name": {
              "constant_value": "emr_slave1_sg"
            },
            "vpc_id": {
              "references": [
                "module.vpc.vpc_id"
              ]
            }
          },
          "schema_version": 1,
          "raw_data": {
            "FileName": "main.tf",
            "StartLine": 88,
            "EndLine": 107
          }
        },
        {
          "address": "aws_security_group.additional_slave_2",
          "mode": "managed",
          "type": "aws_security_group",
          "name": "additional_slave_2",
          "provider_config_key": "aws",
          "expressions": {
            "description": {
              "constant_value": "EMR slave2 SG"
            },
            "name": {
              "constant_value": "emr_slave2_sg"
            },
            "vpc_id": {
              "references": [
                "module.vpc.vpc_id"
              ]
            }
          },
          "schema_version": 1,
          "raw_data": {
            "FileName": "main.tf",
            "StartLine": 109,
            "EndLine": 128
          }
        },
        {
          "address": "aws_security_group.emr_service",
          "mode": "managed",
          "type": "aws_security_group",
          "name": "emr_service",
          "provider_config_key": "aws",
          "expressions": {
            "description": {
              "constant_value": "EMR service SG"
            },
            "name": {
              "constant_value": "emr_service_sg"
            },
            "vpc_id": {
              "references": [
                "module.vpc.vpc_id"
              ]
            }
          },
          "schema_version": 1,
          "raw_data": {
            "FileName": "main.tf",
            "StartLine": 130,
            "EndLine": 149
          }
        },
        {
          "address": "aws_security_group.master",
          "mode": "managed",
          "type": "aws_security_group",
          "name": "master",
          "provider_config_key": "aws",
          "expressions": {
            "description": {
              "constant_value": "EMR master SG"
            },
            "name": {
              "constant_value": "emr_master_sg"
            },
            "revoke_rules_on_delete": {
              "constant_value": true
            },
            "vpc_id": {
              "references": [
                "module.vpc.vpc_id"
              ]
            }
          },
          "schema_version": 1,
          "raw_data": {
            "FileName": "main.tf",
            "StartLine": 2,
            "EndLine": 22
          }
        },
        {
          "address": "aws_security_group.slave",
          "mode": "managed",
          "type": "aws_security_group",
          "name": "slave",
          "provider_config_key": "aws",
          "expressions": {
            "description": {
              "constant_value": "EMR slave SG"
            },
            "name": {
              "constant_value": "emr_slave_sg"
            },
            "revoke_rules_on_delete": {
              "constant_value": true
            },
            "vpc_id": {
              "references": [
                "module.vpc.vpc_id"
              ]
            }
          },
          "schema_version": 1,
          "raw_data": {
            "FileName": "main.tf",
            "StartLine": 66,
            "EndLine": 86
          }
        },
        {
          "address": "data.aws_availability_zones.available",
          "mode": "data",
          "type": "aws_availability_zones",
          "name": "available",
          "provider_config_key": "aws",
          "expressions": {
            "state": {
              "constant_value": "available"
            }
          },
          "schema_version": 0,
          "raw_data": {
            "FileName": "main.tf",
            "StartLine": 335,
            "EndLine": 337
          }
        }
      ],
      "module_calls": {
        "vpc": {
          "source": "terraform-aws-modules/vpc/aws",
          "expressions": {
            "azs": {
              "references": [
                "data.aws_availability_zones.available"
              ]
            },
            "cidr": {
              "constant_value": "192.168.0.0/16"
            },
            "enable_dns_hostnames": {
              "constant_value": true
            },
            "enable_dns_support": {
              "constant_value": true
            },
            "enable_nat_gateway": {
              "constant_value": true
            },
            "enable_vpn_gateway": {
              "constant_value": false
            },
            "private_subnets": {
              "constant_value": [
                "192.168.10.0/24"
              ]
            },
            "public_subnets": {
              "constant_value": [
                "192.168.1.0/24"
              ]
            }
          },
          "module": {
            "outputs": {
              "azs": {
                "expression": {
                  "references": [
                    "var.azs"
                  ]
                },
                "description": "A list of availability zones specified as argument to this module"
              },
              "cgw_arns": {
                "expression": {
                  "references": [
                    "aws_customer_gateway.this"
                  ]
                },
                "description": "List of ARNs of Customer Gateway"
              },
              "cgw_ids": {
                "expression": {
                  "references": [
                    "aws_customer_gateway.this"
                  ]
                },
                "description": "List of IDs of Customer Gateway"
              },
              "database_internet_gateway_route_id": {
                "expression": {
                  "references": [
                    "aws_route.database_internet_gateway"
                  ]
                },
                "description": "ID of the database internet gateway route."
              },
              "database_ipv6_egress_route_id": {
                "expression": {
                  "references": [
                    "aws_route.database_ipv6_egress"
                  ]
                },
                "description": "ID of the database IPv6 egress route."
              },
              "database_nat_gateway_route_ids": {
                "expression": {
                  "references": [
                    "aws_route.database_nat_gateway"
                  ]
                },
                "description": "List of IDs of the database nat gateway route."
              },
              "database_network_acl_arn": {
                "expression": {
                  "references": [
                    "aws_network_acl.database"
                  ]
                },
                "description": "ARN of the database network ACL"
              },
              "database_network_acl_id": {
                "expression": {
                  "references": [
                    "aws_network_acl.database"
                  ]
                },
                "description": "ID of the database network ACL"
              },
              "database_route_table_association_ids": {
                "expression": {
                  "references": [
                    "aws_route_table_association.database"
                  ]
                },
                "description": "List of IDs of the database route table association"
              },
              "database_route_table_ids": {
                "expression": {
                  "references": [
                    "aws_route_table.database",
                    "aws_route_table.database",
                    "aws_route_table.private"
                  ]
                },
                "description": "List of IDs of database route tables"
              },
              "database_subnet_arns": {
                "expression": {
                  "references": [
                    "aws_subnet.database"
                  ]
                },
                "description": "List of ARNs of database subnets"
              },
              "database_subnet_group": {
                "expression": {
                  "references": [
                    "aws_db_subnet_group.database"
                  ]
                },
                "description": "ID of database subnet group"
              },
              "database_subnet_group_name": {
                "expression": {
                  "references": [
                    "aws_db_subnet_group.database"
                  ]
                },
                "description": "Name of database subnet group"
              },
              "database_subnets": {
                "expression": {
                  "references": [
                    "aws_subnet.database"
                  ]
                },
                "description": "List of IDs of database subnets"
              },
              "database_subnets_cidr_blocks": {
                "expression": {
                  "references": [
                    "aws_subnet.database"
                  ]
                },
                "description": "List of cidr_blocks of database subnets"
              },
              "database_subnets_ipv6_cidr_blocks": {
                "expression": {
                  "references": [
                    "aws_subnet.database"
                  ]
                },
                "description": "List of IPv6 cidr_blocks of database subnets in an IPv6 enabled VPC"
              },
              "default_network_acl_id": {
                "expression": {
                  "references": [
                    "aws_vpc.this"
                  ]
                },
                "description": "The ID of the default network ACL"
              },
              "default_route_table_id": {
                "expression": {
                  "references": [
                    "aws_vpc.this"
                  ]
                },
                "description": "The ID of the default route table"
              },
              "default_security_group_id": {
                "expression": {
                  "references": [
                    "aws_vpc.this"
                  ]
                },
                "description": "The ID of the security group created by default on VPC creation"
              },
              "default_vpc_arn": {
                "expression": {
                  "references": [
                    "aws_default_vpc.this"
                  ]
                },
                "description": "The ARN of the Default VPC"
              },
              "default_vpc_cidr_block": {
                "expression": {
                  "references": [
                    "aws_default_vpc.this"
                  ]
                },
                "description": "The CIDR block of the Default VPC"
              },
              "default_vpc_default_network_acl_id": {
                "expression": {
                  "references": [
                    "aws_default_vpc.this"
                  ]
                },
                "description": "The ID of the default network ACL of the Default VPC"
              },
              "default_vpc_default_route_table_id": {
                "expression": {
                  "references": [
                    "aws_default_vpc.this"
                  ]
                },
                "description": "The ID of the default route table of the Default VPC"
              },
              "default_vpc_default_security_group_id": {
                "expression": {
                  "references": [
                    "aws_default_vpc.this"
                  ]
                },
                "description": "The ID of the security group created by default on Default VPC creation"
              },
              "default_vpc_enable_dns_hostnames": {
                "expression": {
                  "references": [
                    "aws_default_vpc.this"
                  ]
                },
                "description": "Whether or not the Default VPC has DNS hostname support"
              },
              "default_vpc_enable_dns_support": {
                "expression": {
                  "references": [
                    "aws_default_vpc.this"
                  ]
                },
                "description": "Whether or not the Default VPC has DNS support"
              },
              "default_vpc_id": {
                "expression": {
                  "references": [
                    "aws_default_vpc.this"
                  ]
                },
                "description": "The ID of the Default VPC"
              },
              "default_vpc_instance_tenancy": {
                "expression": {
                  "references": [
                    "aws_default_vpc.this"
                  ]
                },
                "description": "Tenancy of instances spin up within Default VPC"
              },
              "default_vpc_main_route_table_id": {
                "expression": {
                  "references": [
                    "aws_default_vpc.this"
                  ]
                },
                "description": "The ID of the main route table associated with the Default VPC"
              },
              "egress_only_internet_gateway_id": {
                "expression": {
                  "references": [
                    "aws_egress_only_internet_gateway.this"
                  ]
                },
                "description": "The ID of the egress only Internet Gateway"
              },
              "elasticache_network_acl_arn": {
                "expression": {
                  "references": [
                    "aws_network_acl.elasticache"
                  ]
                },
                "description": "ARN of the elasticache network ACL"
              },
              "elasticache_network_acl_id": {
                "expression": {
                  "references": [
                    "aws_network_acl.elasticache"
                  ]
                },
                "description": "ID of the elasticache network ACL"
              },
              "elasticache_route_table_association_ids": {
                "expression": {
                  "references": [
                    "aws_route_table_association.elasticache"
                  ]
                },
                "description": "List of IDs of the elasticache route table association"
              },
              "elasticache_route_table_ids": {
                "expression": {
                  "references": [
                    "aws_route_table.elasticache",
                    "aws_route_table.elasticache",
                    "aws_route_table.private"
                  ]
                },
                "description": "List of IDs of elasticache route tables"
              },
              "elasticache_subnet_arns": {
                "expression": {
                  "references": [
                    "aws_subnet.elasticache"
                  ]
                },
                "description": "List of ARNs of elasticache subnets"
              },
              "elasticache_subnet_group": {
                "expression": {
                  "references": [
                    "aws_elasticache_subnet_group.elasticache"
                  ]
                },
                "description": "ID of elasticache subnet group"
              },
              "elasticache_subnet_group_name": {
                "expression": {
                  "references": [
                    "aws_elasticache_subnet_group.elasticache"
                  ]
                },
                "description": "Name of elasticache subnet group"
              },
              "elasticache_subnets": {
                "expression": {
                  "references": [
                    "aws_subnet.elasticache"
                  ]
                },
                "description": "List of IDs of elasticache subnets"
              },
              "elasticache_subnets_cidr_blocks": {
                "expression": {
                  "references": [
                    "aws_subnet.elasticache"
                  ]
                },
                "description": "List of cidr_blocks of elasticache subnets"
              },
              "elasticache_subnets_ipv6_cidr_blocks": {
                "expression": {
                  "references": [
                    "aws_subnet.elasticache"
                  ]
                },
                "description": "List of IPv6 cidr_blocks of elasticache subnets in an IPv6 enabled VPC"
              },
              "igw_arn": {
                "expression": {
                  "references": [
                    "aws_internet_gateway.this"
                  ]
                },
                "description": "The ARN of the Internet Gateway"
              },
              "igw_id": {
                "expression": {
                  "references": [
                    "aws_internet_gateway.this"
                  ]
                },
                "description": "The ID of the Internet Gateway"
              },
              "intra_network_acl_arn": {
                "expression": {
                  "references": [
                    "aws_network_acl.intra"
                  ]
                },
                "description": "ARN of the intra network ACL"
              },
              "intra_network_acl_id": {
                "expression": {
                  "references": [
                    "aws_network_acl.intra"
                  ]
                },
                "description": "ID of the intra network ACL"
              },
              "intra_route_table_association_ids": {
                "expression": {
                  "references": [
                    "aws_route_table_association.intra"
                  ]
                },
                "description": "List of IDs of the intra route table association"
              },
              "intra_route_table_ids": {
                "expression": {
                  "references": [
                    "aws_route_table.intra"
                  ]
                },
                "description": "List of IDs of intra route tables"
              },
              "intra_subnet_arns": {
                "expression": {
                  "references": [
                    "aws_subnet.intra"
                  ]
                },
                "description": "List of ARNs of intra subnets"
              },
              "intra_subnets": {
                "expression": {
                  "references": [
                    "aws_subnet.intra"
                  ]
                },
                "description": "List of IDs of intra subnets"
              },
              "intra_subnets_cidr_blocks": {
                "expression": {
                  "references": [
                    "aws_subnet.intra"
                  ]
                },
                "description": "List of cidr_blocks of intra subnets"
              },
              "intra_subnets_ipv6_cidr_blocks": {
                "expression": {
                  "references": [
                    "aws_subnet.intra"
                  ]
                },
                "description": "List of IPv6 cidr_blocks of intra subnets in an IPv6 enabled VPC"
              },
              "name": {
                "expression": {
                  "references": [
                    "var.name"
                  ]
                },
                "description": "The name of the VPC specified as argument to this module"
              },
              "nat_ids": {
                "expression": {
                  "references": [
                    "aws_eip.nat"
                  ]
                },
                "description": "List of allocation ID of Elastic IPs created for AWS NAT Gateway"
              },
              "nat_public_ips": {
                "expression": {
                  "references": [
                    "var.reuse_nat_ips",
                    "var.external_nat_ips",
                    "aws_eip.nat"
                  ]
                },
                "description": "List of public Elastic IPs created for AWS NAT Gateway"
              },
              "natgw_ids": {
                "expression": {
                  "references": [
                    "aws_nat_gateway.this"
                  ]
                },
                "description": "List of NAT Gateway IDs"
              },
              "private_ipv6_egress_route_ids": {
                "expression": {
                  "references": [
                    "aws_route.private_ipv6_egress"
                  ]
                },
                "description": "List of IDs of the ipv6 egress route."
              },
              "private_nat_gateway_route_ids": {
                "expression": {
                  "references": [
                    "aws_route.private_nat_gateway"
                  ]
                },
                "description": "List of IDs of the private nat gateway route."
              },
              "private_network_acl_arn": {
                "expression": {
                  "references": [
                    "aws_network_acl.private"
                  ]
                },
                "description": "ARN of the private network ACL"
              },
              "private_network_acl_id": {
                "expression": {
                  "references": [
                    "aws_network_acl.private"
                  ]
                },
                "description": "ID of the private network ACL"
              },
              "private_route_table_association_ids": {
                "expression": {
                  "references": [
                    "aws_route_table_association.private"
                  ]
                },
                "description": "List of IDs of the private route table association"
              },
              "private_route_table_ids": {
                "expression": {
                  "references": [
                    "aws_route_table.private"
                  ]
                },
                "description": "List of IDs of private route tables"
              },
              "private_subnet_arns": {
                "expression": {
                  "references": [
                    "aws_subnet.private"
                  ]
                },
                "description": "List of ARNs of private subnets"
              },
              "private_subnets": {
                "expression": {
                  "references": [
                    "aws_subnet.private"
                  ]
                },
                "description": "List of IDs of private subnets"
              },
              "private_subnets_cidr_blocks": {
                "expression": {
                  "references": [
                    "aws_subnet.private"
                  ]
                },
                "description": "List of cidr_blocks of private subnets"
              },
              "private_subnets_ipv6_cidr_blocks": {
                "expression": {
                  "references": [
                    "aws_subnet.private"
                  ]
                },
                "description": "List of IPv6 cidr_blocks of private subnets in an IPv6 enabled VPC"
              },
              "public_internet_gateway_ipv6_route_id": {
                "expression": {
                  "references": [
                    "aws_route.public_internet_gateway_ipv6"
                  ]
                },
                "description": "ID of the IPv6 internet gateway route."
              },
              "public_internet_gateway_route_id": {
                "expression": {
                  "references": [
                    "aws_route.public_internet_gateway"
                  ]
                },
                "description": "ID of the internet gateway route."
              },
              "public_network_acl_arn": {
                "expression": {
                  "references": [
                    "aws_network_acl.public"
                  ]
                },
                "description": "ARN of the public network ACL"
              },
              "public_network_acl_id": {
                "expression": {
                  "references": [
                    "aws_network_acl.public"
                  ]
                },
                "description": "ID of the public network ACL"
              },
              "public_route_table_association_ids": {
                "expression": {
                  "references": [
                    "aws_route_table_association.public"
                  ]
                },
                "description": "List of IDs of the public route table association"
              },
              "public_route_table_ids": {
                "expression": {
                  "references": [
                    "aws_route_table.public"
                  ]
                },
                "description": "List of IDs of public route tables"
              },
              "public_subnet_arns": {
                "expression": {
                  "references": [
                    "aws_subnet.public"
                  ]
                },
                "description": "List of ARNs of public subnets"
              },
              "public_subnets": {
                "expression": {
                  "references": [
                    "aws_subnet.public"
                  ]
                },
                "description": "List of IDs of public subnets"
              },
              "public_subnets_cidr_blocks": {
                "expression": {
                  "references": [
                    "aws_subnet.public"
                  ]
                },
                "description": "List of cidr_blocks of public subnets"
              },
              "public_subnets_ipv6_cidr_blocks": {
                "expression": {
                  "references": [
                    "aws_subnet.public"
                  ]
                },
                "description": "List of IPv6 cidr_blocks of public subnets in an IPv6 enabled VPC"
              },
              "redshift_network_acl_arn": {
                "expression": {
                  "references": [
                    "aws_network_acl.redshift"
                  ]
                },
                "description": "ARN of the redshift network ACL"
              },
              "redshift_network_acl_id": {
                "expression": {
                  "references": [
                    "aws_network_acl.redshift"
                  ]
                },
                "description": "ID of the redshift network ACL"
              },
              "redshift_public_route_table_association_ids": {
                "expression": {
                  "references": [
                    "aws_route_table_association.redshift_public"
                  ]
                },
                "description": "List of IDs of the public redshidt route table association"
              },
              "redshift_route_table_association_ids": {
                "expression": {
                  "references": [
                    "aws_route_table_association.redshift"
                  ]
                },
                "description": "List of IDs of the redshift route table association"
              },
              "redshift_route_table_ids": {
                "expression": {
                  "references": [
                    "aws_route_table.redshift",
                    "aws_route_table.redshift",
                    "aws_route_table.private"
                  ]
                },
                "description": "List of IDs of redshift route tables"
              },
              "redshift_subnet_arns": {
                "expression": {
                  "references": [
                    "aws_subnet.redshift"
                  ]
                },
                "description": "List of ARNs of redshift subnets"
              },
              "redshift_subnet_group": {
                "expression": {
                  "references": [
                    "aws_redshift_subnet_group.redshift"
                  ]
                },
                "description": "ID of redshift subnet group"
              },
              "redshift_subnets": {
                "expression": {
                  "references": [
                    "aws_subnet.redshift"
                  ]
                },
                "description": "List of IDs of redshift subnets"
              },
              "redshift_subnets_cidr_blocks": {
                "expression": {
                  "references": [
                    "aws_subnet.redshift"
                  ]
                },
                "description": "List of cidr_blocks of redshift subnets"
              },
              "redshift_subnets_ipv6_cidr_blocks": {
                "expression": {
                  "references": [
                    "aws_subnet.redshift"
                  ]
                },
                "description": "List of IPv6 cidr_blocks of redshift subnets in an IPv6 enabled VPC"
              },
              "this_customer_gateway": {
                "expression": {
                  "references": [
                    "aws_customer_gateway.this"
                  ]
                },
                "description": "Map of Customer Gateway attributes"
              },
              "vgw_arn": {
                "expression": {
                  "references": [
                    "aws_vpn_gateway.this"
                  ]
                },
                "description": "The ARN of the VPN Gateway"
              },
              "vgw_id": {
                "expression": {
                  "references": [
                    "aws_vpn_gateway.this",
                    "aws_vpn_gateway_attachment.this"
                  ]
                },
                "description": "The ID of the VPN Gateway"
              },
              "vpc_arn": {
                "expression": {
                  "references": [
                    "aws_vpc.this"
                  ]
                },
                "description": "The ARN of the VPC"
              },
              "vpc_cidr_block": {
                "expression": {
                  "references": [
                    "aws_vpc.this"
                  ]
                },
                "description": "The CIDR block of the VPC"
              },
              "vpc_enable_dns_hostnames": {
                "expression": {
                  "references": [
                    "aws_vpc.this"
                  ]
                },
                "description": "Whether or not the VPC has DNS hostname support"
              },
              "vpc_enable_dns_support": {
                "expression": {
                  "references": [
                    "aws_vpc.this"
                  ]
                },
                "description": "Whether or not the VPC has DNS support"
              },
              "vpc_endpoint_access_analyzer_dns_entry": {
                "expression": {
                  "references": [
                    "aws_vpc_endpoint.access_analyzer"
                  ]
                },
                "description": "The DNS entries for the VPC Endpoint for Access Analyzer."
              },
              "vpc_endpoint_access_analyzer_id": {
                "expression": {
                  "references": [
                    "aws_vpc_endpoint.access_analyzer"
                  ]
                },
                "description": "The ID of VPC endpoint for Access Analyzer"
              },
              "vpc_endpoint_access_analyzer_network_interface_ids": {
                "expression": {
                  "references": [
                    "aws_vpc_endpoint.access_analyzer"
                  ]
                },
                "description": "One or more network interfaces for the VPC Endpoint for Access Analyzer."
              },
              "vpc_endpoint_acm_pca_dns_entry": {
                "expression": {
                  "references": [
                    "aws_vpc_endpoint.acm_pca"
                  ]
                },
                "description": "The DNS entries for the VPC Endpoint for ACM PCA."
              },
              "vpc_endpoint_acm_pca_id": {
                "expression": {
                  "references": [
                    "aws_vpc_endpoint.acm_pca"
                  ]
                },
                "description": "The ID of VPC endpoint for ACM PCA"
              },
              "vpc_endpoint_acm_pca_network_interface_ids": {
                "expression": {
                  "references": [
                    "aws_vpc_endpoint.acm_pca"
                  ]
                },
                "description": "One or more network interfaces for the VPC Endpoint for ACM PCA."
              },
              "vpc_endpoint_apigw_dns_entry": {
                "expression": {
                  "references": [
                    "aws_vpc_endpoint.apigw"
                  ]
                },
                "description": "The DNS entries for the VPC Endpoint for APIGW."
              },
              "vpc_endpoint_apigw_id": {
                "expression": {
                  "references": [
                    "aws_vpc_endpoint.apigw"
                  ]
                },
                "description": "The ID of VPC endpoint for APIGW"
              },
              "vpc_endpoint_apigw_network_interface_ids": {
                "expression": {
                  "references": [
                    "aws_vpc_endpoint.apigw"
                  ]
                },
                "description": "One or more network interfaces for the VPC Endpoint for APIGW."
              },
              "vpc_endpoint_appmesh_envoy_management_dns_entry": {
                "expression": {
                  "references": [
                    "aws_vpc_endpoint.appmesh_envoy_management"
                  ]
                },
                "description": "The DNS entries for the VPC Endpoint for AppMesh."
              },
              "vpc_endpoint_appmesh_envoy_management_id": {
                "expression": {
                  "references": [
                    "aws_vpc_endpoint.appmesh_envoy_management"
                  ]
                },
                "description": "The ID of VPC endpoint for AppMesh"
              },
              "vpc_endpoint_appmesh_envoy_management_network_interface_ids": {
                "expression": {
                  "references": [
                    "aws_vpc_endpoint.appmesh_envoy_management"
                  ]
                },
                "description": "One or more network interfaces for the VPC Endpoint for AppMesh."
              },
              "vpc_endpoint_appstream_api_dns_entry": {
                "expression": {
                  "references": [
                    "aws_vpc_endpoint.appstream_api"
                  ]
                },
                "description": "The DNS entries for the VPC Endpoint for AppStream API."
              },
              "vpc_endpoint_appstream_api_id": {
                "expression": {
                  "references": [
                    "aws_vpc_endpoint.appstream_api"
                  ]
                },
                "description": "The ID of VPC endpoint for AppStream API"
              },
              "vpc_endpoint_appstream_api_network_interface_ids": {
                "expression": {
                  "references": [
                    "aws_vpc_endpoint.appstream_api"
                  ]
                },
                "description": "One or more network interfaces for the VPC Endpoint for AppStream API."
              },
              "vpc_endpoint_appstream_streaming_dns_entry": {
                "expression": {
                  "references": [
                    "aws_vpc_endpoint.appstream_streaming"
                  ]
                },
                "description": "The DNS entries for the VPC Endpoint for AppStream Streaming."
              },
              "vpc_endpoint_appstream_streaming_id": {
                "expression": {
                  "references": [
                    "aws_vpc_endpoint.appstream_streaming"
                  ]
                },
                "description": "The ID of VPC endpoint for AppStream Streaming"
              },
              "vpc_endpoint_appstream_streaming_network_interface_ids": {
                "expression": {
                  "references": [
                    "aws_vpc_endpoint.appstream_streaming"
                  ]
                },
                "description": "One or more network interfaces for the VPC Endpoint for AppStream Streaming."
              },
              "vpc_endpoint_athena_dns_entry": {
                "expression": {
                  "references": [
                    "aws_vpc_endpoint.athena"
                  ]
                },
                "description": "The DNS entries for the VPC Endpoint for Athena."
              },
              "vpc_endpoint_athena_id": {
                "expression": {
                  "references": [
                    "aws_vpc_endpoint.athena"
                  ]
                },
                "description": "The ID of VPC endpoint for Athena"
              },
              "vpc_endpoint_athena_network_interface_ids": {
                "expression": {
                  "references": [
                    "aws_vpc_endpoint.athena"
                  ]
                },
                "description": "One or more network interfaces for the VPC Endpoint for Athena."
              },
              "vpc_endpoint_auto_scaling_plans_dns_entry": {
                "expression": {
                  "references": [
                    "aws_vpc_endpoint.auto_scaling_plans"
                  ]
                },
                "description": "The DNS entries for the VPC Endpoint for Auto Scaling Plans."
              },
              "vpc_endpoint_auto_scaling_plans_id": {
                "expression": {
                  "references": [
                    "aws_vpc_endpoint.auto_scaling_plans"
                  ]
                },
                "description": "The ID of VPC endpoint for Auto Scaling Plans"
              },
              "vpc_endpoint_auto_scaling_plans_network_interface_ids": {
                "expression": {
                  "references": [
                    "aws_vpc_endpoint.auto_scaling_plans"
                  ]
                },
                "description": "One or more network interfaces for the VPC Endpoint for Auto Scaling Plans."
              },
              "vpc_endpoint_cloud_directory_dns_entry": {
                "expression": {
                  "references": [
                    "aws_vpc_endpoint.cloud_directory"
                  ]
                },
                "description": "The DNS entries for the VPC Endpoint for Cloud Directory."
              },
              "vpc_endpoint_cloud_directory_id": {
                "expression": {
                  "references": [
                    "aws_vpc_endpoint.cloud_directory"
                  ]
                },
                "description": "The ID of VPC endpoint for Cloud Directory"
              },
              "vpc_endpoint_cloud_directory_network_interface_ids": {
                "expression": {
                  "references": [
                    "aws_vpc_endpoint.cloud_directory"
                  ]
                },
                "description": "One or more network interfaces for the VPC Endpoint for Cloud Directory."
              },
              "vpc_endpoint_cloudformation_dns_entry": {
                "expression": {
                  "references": [
                    "aws_vpc_endpoint.cloudformation"
                  ]
                },
                "description": "The DNS entries for the VPC Endpoint for Cloudformation."
              },
              "vpc_endpoint_cloudformation_id": {
                "expression": {
                  "references": [
                    "aws_vpc_endpoint.cloudformation"
                  ]
                },
                "description": "The ID of VPC endpoint for Cloudformation"
              },
              "vpc_endpoint_cloudformation_network_interface_ids": {
                "expression": {
                  "references": [
                    "aws_vpc_endpoint.cloudformation"
                  ]
                },
                "description": "One or more network interfaces for the VPC Endpoint for Cloudformation."
              },
              "vpc_endpoint_cloudtrail_dns_entry": {
                "expression": {
                  "references": [
                    "aws_vpc_endpoint.cloudtrail"
                  ]
                },
                "description": "The DNS entries for the VPC Endpoint for CloudTrail."
              },
              "vpc_endpoint_cloudtrail_id": {
                "expression": {
                  "references": [
                    "aws_vpc_endpoint.cloudtrail"
                  ]
                },
                "description": "The ID of VPC endpoint for CloudTrail"
              },
              "vpc_endpoint_cloudtrail_network_interface_ids": {
                "expression": {
                  "references": [
                    "aws_vpc_endpoint.cloudtrail"
                  ]
                },
                "description": "One or more network interfaces for the VPC Endpoint for CloudTrail."
              },
              "vpc_endpoint_codeartifact_api_dns_entry": {
                "expression": {
                  "references": [
                    "aws_vpc_endpoint.codeartifact_api"
                  ]
                },
                "description": "The DNS entries for the VPC Endpoint for Codeartifact API."
              },
              "vpc_endpoint_codeartifact_api_id": {
                "expression": {
                  "references": [
                    "aws_vpc_endpoint.codeartifact_api"
                  ]
                },
                "description": "The ID of VPC endpoint for Codeartifact API"
              },
              "vpc_endpoint_codeartifact_api_network_interface_ids": {
                "expression": {
                  "references": [
                    "aws_vpc_endpoint.codeartifact_api"
                  ]
                },
                "description": "One or more network interfaces for the VPC Endpoint for Codeartifact API."
              },
              "vpc_endpoint_codeartifact_repositories_dns_entry": {
                "expression": {
                  "references": [
                    "aws_vpc_endpoint.codeartifact_repositories"
                  ]
                },
                "description": "The DNS entries for the VPC Endpoint for Codeartifact repositories."
              },
              "vpc_endpoint_codeartifact_repositories_id": {
                "expression": {
                  "references": [
                    "aws_vpc_endpoint.codeartifact_repositories"
                  ]
                },
                "description": "The ID of VPC endpoint for Codeartifact repositories"
              },
              "vpc_endpoint_codeartifact_repositories_network_interface_ids": {
                "expression": {
                  "references": [
                    "aws_vpc_endpoint.codeartifact_repositories"
                  ]
                },
                "description": "One or more network interfaces for the VPC Endpoint for Codeartifact repositories."
              },
              "vpc_endpoint_codebuild_dns_entry": {
                "expression": {
                  "references": [
                    "aws_vpc_endpoint.codebuild"
                  ]
                },
                "description": "The DNS entries for the VPC Endpoint for codebuild."
              },
              "vpc_endpoint_codebuild_id": {
                "expression": {
                  "references": [
                    "aws_vpc_endpoint.codebuild"
                  ]
                },
                "description": "The ID of VPC endpoint for codebuild"
              },
              "vpc_endpoint_codebuild_network_interface_ids": {
                "expression": {
                  "references": [
                    "aws_vpc_endpoint.codebuild"
                  ]
                },
                "description": "One or more network interfaces for the VPC Endpoint for codebuild."
              },
              "vpc_endpoint_codecommit_dns_entry": {
                "expression": {
                  "references": [
                    "aws_vpc_endpoint.codecommit"
                  ]
                },
                "description": "The DNS entries for the VPC Endpoint for codecommit."
              },
              "vpc_endpoint_codecommit_id": {
                "expression": {
                  "references": [
                    "aws_vpc_endpoint.codecommit"
                  ]
                },
                "description": "The ID of VPC endpoint for codecommit"
              },
              "vpc_endpoint_codecommit_network_interface_ids": {
                "expression": {
                  "references": [
                    "aws_vpc_endpoint.codecommit"
                  ]
                },
                "description": "One or more network interfaces for the VPC Endpoint for codecommit."
              },
              "vpc_endpoint_codepipeline_dns_entry": {
                "expression": {
                  "references": [
                    "aws_vpc_endpoint.codepipeline"
                  ]
                },
                "description": "The DNS entries for the VPC Endpoint for CodePipeline."
              },
              "vpc_endpoint_codepipeline_id": {
                "expression": {
                  "references": [
                    "aws_vpc_endpoint.codepipeline"
                  ]
                },
                "description": "The ID of VPC endpoint for CodePipeline"
              },
              "vpc_endpoint_codepipeline_network_interface_ids": {
                "expression": {
                  "references": [
                    "aws_vpc_endpoint.codepipeline"
                  ]
                },
                "description": "One or more network interfaces for the VPC Endpoint for CodePipeline."
              },
              "vpc_endpoint_config_dns_entry": {
                "expression": {
                  "references": [
                    "aws_vpc_endpoint.config"
                  ]
                },
                "description": "The DNS entries for the VPC Endpoint for config."
              },
              "vpc_endpoint_config_id": {
                "expression": {
                  "references": [
                    "aws_vpc_endpoint.config"
                  ]
                },
                "description": "The ID of VPC endpoint for config"
              },
              "vpc_endpoint_config_network_interface_ids": {
                "expression": {
                  "references": [
                    "aws_vpc_endpoint.config"
                  ]
                },
                "description": "One or more network interfaces for the VPC Endpoint for config."
              },
              "vpc_endpoint_datasync_dns_entry": {
                "expression": {
                  "references": [
                    "aws_vpc_endpoint.datasync"
                  ]
                },
                "description": "The DNS entries for the VPC Endpoint for DataSync."
              },
              "vpc_endpoint_datasync_id": {
                "expression": {
                  "references": [
                    "aws_vpc_endpoint.datasync"
                  ]
                },
                "description": "The ID of VPC endpoint for DataSync"
              },
              "vpc_endpoint_datasync_network_interface_ids": {
                "expression": {
                  "references": [
                    "aws_vpc_endpoint.datasync"
                  ]
                },
                "description": "One or more network interfaces for the VPC Endpoint for DataSync."
              },
              "vpc_endpoint_dms_dns_entry": {
                "expression": {
                  "references": [
                    "aws_vpc_endpoint.sns"
                  ]
                },
                "description": "The DNS entries for the VPC Endpoint for DMS."
              },
              "vpc_endpoint_dms_id": {
                "expression": {
                  "references": [
                    "aws_vpc_endpoint.sns"
                  ]
                },
                "description": "The ID of VPC endpoint for DMS"
              },
              "vpc_endpoint_dms_network_interface_ids": {
                "expression": {
                  "references": [
                    "aws_vpc_endpoint.sns"
                  ]
                },
                "description": "One or more network interfaces for the VPC Endpoint for DMS."
              },
              "vpc_endpoint_dynamodb_id": {
                "expression": {
                  "references": [
                    "aws_vpc_endpoint.dynamodb"
                  ]
                },
                "description": "The ID of VPC endpoint for DynamoDB"
              },
              "vpc_endpoint_dynamodb_pl_id": {
                "expression": {
                  "references": [
                    "aws_vpc_endpoint.dynamodb"
                  ]
                },
                "description": "The prefix list for the DynamoDB VPC endpoint."
              },
              "vpc_endpoint_ebs_dns_entry": {
                "expression": {
                  "references": [
                    "aws_vpc_endpoint.ebs"
                  ]
                },
                "description": "The DNS entries for the VPC Endpoint for EBS."
              },
              "vpc_endpoint_ebs_id": {
                "expression": {
                  "references": [
                    "aws_vpc_endpoint.ebs"
                  ]
                },
                "description": "The ID of VPC endpoint for EBS"
              },
              "vpc_endpoint_ebs_network_interface_ids": {
                "expression": {
                  "references": [
                    "aws_vpc_endpoint.ebs"
                  ]
                },
                "description": "One or more network interfaces for the VPC Endpoint for EBS."
              },
              "vpc_endpoint_ec2_autoscaling_dns_entry": {
                "expression": {
                  "references": [
                    "aws_vpc_endpoint.ec2_autoscaling"
                  ]
                },
                "description": "The DNS entries for the VPC Endpoint for EC2 Autoscaling."
              },
              "vpc_endpoint_ec2_autoscaling_id": {
                "expression": {
                  "references": [
                    "aws_vpc_endpoint.ec2_autoscaling"
                  ]
                },
                "description": "The ID of VPC endpoint for EC2 Autoscaling"
              },
              "vpc_endpoint_ec2_autoscaling_network_interface_ids": {
                "expression": {
                  "references": [
                    "aws_vpc_endpoint.ec2_autoscaling"
                  ]
                },
                "description": "One or more network interfaces for the VPC Endpoint for EC2 Autoscaling"
              },
              "vpc_endpoint_ec2_dns_entry": {
                "expression": {
                  "references": [
                    "aws_vpc_endpoint.ec2"
                  ]
                },
                "description": "The DNS entries for the VPC Endpoint for EC2."
              },
              "vpc_endpoint_ec2_id": {
                "expression": {
                  "references": [
                    "aws_vpc_endpoint.ec2"
                  ]
                },
                "description": "The ID of VPC endpoint for EC2"
              },
              "vpc_endpoint_ec2_network_interface_ids": {
                "expression": {
                  "references": [
                    "aws_vpc_endpoint.ec2"
                  ]
                },
                "description": "One or more network interfaces for the VPC Endpoint for EC2"
              },
              "vpc_endpoint_ec2messages_dns_entry": {
                "expression": {
                  "references": [
                    "aws_vpc_endpoint.ec2messages"
                  ]
                },
                "description": "The DNS entries for the VPC Endpoint for EC2MESSAGES."
              },
              "vpc_endpoint_ec2messages_id": {
                "expression": {
                  "references": [
                    "aws_vpc_endpoint.ec2messages"
                  ]
                },
                "description": "The ID of VPC endpoint for EC2MESSAGES"
              },
              "vpc_endpoint_ec2messages_network_interface_ids": {
                "expression": {
                  "references": [
                    "aws_vpc_endpoint.ec2messages"
                  ]
                },
                "description": "One or more network interfaces for the VPC Endpoint for EC2MESSAGES"
              },
              "vpc_endpoint_ecr_api_dns_entry": {
                "expression": {
                  "references": [
                    "aws_vpc_endpoint.ecr_api"
                  ]
                },
                "description": "The DNS entries for the VPC Endpoint for ECR API."
              },
              "vpc_endpoint_ecr_api_id": {
                "expression": {
                  "references": [
                    "aws_vpc_endpoint.ecr_api"
                  ]
                },
                "description": "The ID of VPC endpoint for ECR API"
              },
              "vpc_endpoint_ecr_api_network_interface_ids": {
                "expression": {
                  "references": [
                    "aws_vpc_endpoint.ecr_api"
                  ]
                },
                "description": "One or more network interfaces for the VPC Endpoint for ECR API."
              },
              "vpc_endpoint_ecr_dkr_dns_entry": {
                "expression": {
                  "references": [
                    "aws_vpc_endpoint.ecr_dkr"
                  ]
                },
                "description": "The DNS entries for the VPC Endpoint for ECR DKR."
              },
              "vpc_endpoint_ecr_dkr_id": {
                "expression": {
                  "references": [
                    "aws_vpc_endpoint.ecr_dkr"
                  ]
                },
                "description": "The ID of VPC endpoint for ECR DKR"
              },
              "vpc_endpoint_ecr_dkr_network_interface_ids": {
                "expression": {
                  "references": [
                    "aws_vpc_endpoint.ecr_dkr"
                  ]
                },
                "description": "One or more network interfaces for the VPC Endpoint for ECR DKR."
              },
              "vpc_endpoint_ecs_agent_dns_entry": {
                "expression": {
                  "references": [
                    "aws_vpc_endpoint.ecs_agent"
                  ]
                },
                "description": "The DNS entries for the VPC Endpoint for ECS Agent."
              },
              "vpc_endpoint_ecs_agent_id": {
                "expression": {
                  "references": [
                    "aws_vpc_endpoint.ecs_agent"
                  ]
                },
                "description": "The ID of VPC endpoint for ECS Agent"
              },
              "vpc_endpoint_ecs_agent_network_interface_ids": {
                "expression": {
                  "references": [
                    "aws_vpc_endpoint.ecs_agent"
                  ]
                },
                "description": "One or more network interfaces for the VPC Endpoint for ECS Agent."
              },
              "vpc_endpoint_ecs_dns_entry": {
                "expression": {
                  "references": [
                    "aws_vpc_endpoint.ecs"
                  ]
                },
                "description": "The DNS entries for the VPC Endpoint for ECS."
              },
              "vpc_endpoint_ecs_id": {
                "expression": {
                  "references": [
                    "aws_vpc_endpoint.ecs"
                  ]
                },
                "description": "The ID of VPC endpoint for ECS"
              },
              "vpc_endpoint_ecs_network_interface_ids": {
                "expression": {
                  "references": [
                    "aws_vpc_endpoint.ecs"
                  ]
                },
                "description": "One or more network interfaces for the VPC Endpoint for ECS."
              },
              "vpc_endpoint_ecs_telemetry_dns_entry": {
                "expression": {
                  "references": [
                    "aws_vpc_endpoint.ecs_telemetry"
                  ]
                },
                "description": "The DNS entries for the VPC Endpoint for ECS Telemetry."
              },
              "vpc_endpoint_ecs_telemetry_id": {
                "expression": {
                  "references": [
                    "aws_vpc_endpoint.ecs_telemetry"
                  ]
                },
                "description": "The ID of VPC endpoint for ECS Telemetry"
              },
              "vpc_endpoint_ecs_telemetry_network_interface_ids": {
                "expression": {
                  "references": [
                    "aws_vpc_endpoint.ecs_telemetry"
                  ]
                },
                "description": "One or more network interfaces for the VPC Endpoint for ECS Telemetry."
              },
              "vpc_endpoint_efs_dns_entry": {
                "expression": {
                  "references": [
                    "aws_vpc_endpoint.efs"
                  ]
                },
                "description": "The DNS entries for the VPC Endpoint for EFS."
              },
              "vpc_endpoint_efs_id": {
                "expression": {
                  "references": [
                    "aws_vpc_endpoint.efs"
                  ]
                },
                "description": "The ID of VPC endpoint for EFS"
              },
              "vpc_endpoint_efs_network_interface_ids": {
                "expression": {
                  "references": [
                    "aws_vpc_endpoint.efs"
                  ]
                },
                "description": "One or more network interfaces for the VPC Endpoint for EFS."
              },
              "vpc_endpoint_elastic_inference_runtime_dns_entry": {
                "expression": {
                  "references": [
                    "aws_vpc_endpoint.elastic_inference_runtime"
                  ]
                },
                "description": "The DNS entries for the VPC Endpoint for Elastic Inference Runtime."
              },
              "vpc_endpoint_elastic_inference_runtime_id": {
                "expression": {
                  "references": [
                    "aws_vpc_endpoint.elastic_inference_runtime"
                  ]
                },
                "description": "The ID of VPC endpoint for Elastic Inference Runtime"
              },
              "vpc_endpoint_elastic_inference_runtime_network_interface_ids": {
                "expression": {
                  "references": [
                    "aws_vpc_endpoint.elastic_inference_runtime"
                  ]
                },
                "description": "One or more network interfaces for the VPC Endpoint for Elastic Inference Runtime."
              },
              "vpc_endpoint_elasticbeanstalk_dns_entry": {
                "expression": {
                  "references": [
                    "aws_vpc_endpoint.elasticbeanstalk"
                  ]
                },
                "description": "The DNS entries for the VPC Endpoint for Elastic Beanstalk."
              },
              "vpc_endpoint_elasticbeanstalk_health_dns_entry": {
                "expression": {
                  "references": [
                    "aws_vpc_endpoint.elasticbeanstalk_health"
                  ]
                },
                "description": "The DNS entries for the VPC Endpoint for Elastic Beanstalk Health."
              },
              "vpc_endpoint_elasticbeanstalk_health_id": {
                "expression": {
                  "references": [
                    "aws_vpc_endpoint.elasticbeanstalk_health"
                  ]
                },
                "description": "The ID of VPC endpoint for Elastic Beanstalk Health"
              },
              "vpc_endpoint_elasticbeanstalk_health_network_interface_ids": {
                "expression": {
                  "references": [
                    "aws_vpc_endpoint.elasticbeanstalk_health"
                  ]
                },
                "description": "One or more network interfaces for the VPC Endpoint for Elastic Beanstalk Health."
              },
              "vpc_endpoint_elasticbeanstalk_id": {
                "expression": {
                  "references": [
                    "aws_vpc_endpoint.elasticbeanstalk"
                  ]
                },
                "description": "The ID of VPC endpoint for Elastic Beanstalk"
              },
              "vpc_endpoint_elasticbeanstalk_network_interface_ids": {
                "expression": {
                  "references": [
                    "aws_vpc_endpoint.elasticbeanstalk"
                  ]
                },
                "description": "One or more network interfaces for the VPC Endpoint for Elastic Beanstalk."
              },
              "vpc_endpoint_elasticloadbalancing_dns_entry": {
                "expression": {
                  "references": [
                    "aws_vpc_endpoint.elasticloadbalancing"
                  ]
                },
                "description": "The DNS entries for the VPC Endpoint for Elastic Load Balancing."
              },
              "vpc_endpoint_elasticloadbalancing_id": {
                "expression": {
                  "references": [
                    "aws_vpc_endpoint.elasticloadbalancing"
                  ]
                },
                "description": "The ID of VPC endpoint for Elastic Load Balancing"
              },
              "vpc_endpoint_elasticloadbalancing_network_interface_ids": {
                "expression": {
                  "references": [
                    "aws_vpc_endpoint.elasticloadbalancing"
                  ]
                },
                "description": "One or more network interfaces for the VPC Endpoint for Elastic Load Balancing."
              },
              "vpc_endpoint_elasticmapreduce_dns_entry": {
                "expression": {
                  "references": [
                    "aws_vpc_endpoint.emr"
                  ]
                },
                "description": "The DNS entries for the VPC Endpoint for EMR."
              },
              "vpc_endpoint_elasticmapreduce_id": {
                "expression": {
                  "references": [
                    "aws_vpc_endpoint.emr"
                  ]
                },
                "description": "The ID of VPC endpoint for EMR"
              },
              "vpc_endpoint_elasticmapreduce_network_interface_ids": {
                "expression": {
                  "references": [
                    "aws_vpc_endpoint.emr"
                  ]
                },
                "description": "One or more network interfaces for the VPC Endpoint for EMR."
              },
              "vpc_endpoint_events_dns_entry": {
                "expression": {
                  "references": [
                    "aws_vpc_endpoint.events"
                  ]
                },
                "description": "The DNS entries for the VPC Endpoint for CloudWatch Events."
              },
              "vpc_endpoint_events_id": {
                "expression": {
                  "references": [
                    "aws_vpc_endpoint.events"
                  ]
                },
                "description": "The ID of VPC endpoint for CloudWatch Events"
              },
              "vpc_endpoint_events_network_interface_ids": {
                "expression": {
                  "references": [
                    "aws_vpc_endpoint.events"
                  ]
                },
                "description": "One or more network interfaces for the VPC Endpoint for CloudWatch Events."
              },
              "vpc_endpoint_git_codecommit_dns_entry": {
                "expression": {
                  "references": [
                    "aws_vpc_endpoint.git_codecommit"
                  ]
                },
                "description": "The DNS entries for the VPC Endpoint for git_codecommit."
              },
              "vpc_endpoint_git_codecommit_id": {
                "expression": {
                  "references": [
                    "aws_vpc_endpoint.git_codecommit"
                  ]
                },
                "description": "The ID of VPC endpoint for git_codecommit"
              },
              "vpc_endpoint_git_codecommit_network_interface_ids": {
                "expression": {
                  "references": [
                    "aws_vpc_endpoint.git_codecommit"
                  ]
                },
                "description": "One or more network interfaces for the VPC Endpoint for git_codecommit."
              },
              "vpc_endpoint_glue_dns_entry": {
                "expression": {
                  "references": [
                    "aws_vpc_endpoint.glue"
                  ]
                },
                "description": "The DNS entries for the VPC Endpoint for Glue."
              },
              "vpc_endpoint_glue_id": {
                "expression": {
                  "references": [
                    "aws_vpc_endpoint.glue"
                  ]
                },
                "description": "The ID of VPC endpoint for Glue"
              },
              "vpc_endpoint_glue_network_interface_ids": {
                "expression": {
                  "references": [
                    "aws_vpc_endpoint.glue"
                  ]
                },
                "description": "One or more network interfaces for the VPC Endpoint for Glue."
              },
              "vpc_endpoint_kinesis_firehose_dns_entry": {
                "expression": {
                  "references": [
                    "aws_vpc_endpoint.kinesis_firehose"
                  ]
                },
                "description": "The DNS entries for the VPC Endpoint for Kinesis Firehose."
              },
              "vpc_endpoint_kinesis_firehose_id": {
                "expression": {
                  "references": [
                    "aws_vpc_endpoint.kinesis_firehose"
                  ]
                },
                "description": "The ID of VPC endpoint for Kinesis Firehose"
              },
              "vpc_endpoint_kinesis_firehose_network_interface_ids": {
                "expression": {
                  "references": [
                    "aws_vpc_endpoint.kinesis_firehose"
                  ]
                },
                "description": "One or more network interfaces for the VPC Endpoint for Kinesis Firehose."
              },
              "vpc_endpoint_kinesis_streams_dns_entry": {
                "expression": {
                  "references": [
                    "aws_vpc_endpoint.kinesis_streams"
                  ]
                },
                "description": "The DNS entries for the VPC Endpoint for Kinesis Streams."
              },
              "vpc_endpoint_kinesis_streams_id": {
                "expression": {
                  "references": [
                    "aws_vpc_endpoint.kinesis_streams"
                  ]
                },
                "description": "The ID of VPC endpoint for Kinesis Streams"
              },
              "vpc_endpoint_kinesis_streams_network_interface_ids": {
                "expression": {
                  "references": [
                    "aws_vpc_endpoint.kinesis_streams"
                  ]
                },
                "description": "One or more network interfaces for the VPC Endpoint for Kinesis Streams."
              },
              "vpc_endpoint_kms_dns_entry": {
                "expression": {
                  "references": [
                    "aws_vpc_endpoint.kms"
                  ]
                },
                "description": "The DNS entries for the VPC Endpoint for KMS."
              },
              "vpc_endpoint_kms_id": {
                "expression": {
                  "references": [
                    "aws_vpc_endpoint.kms"
                  ]
                },
                "description": "The ID of VPC endpoint for KMS"
              },
              "vpc_endpoint_kms_network_interface_ids": {
                "expression": {
                  "references": [
                    "aws_vpc_endpoint.kms"
                  ]
                },
                "description": "One or more network interfaces for the VPC Endpoint for KMS."
              },
              "vpc_endpoint_lambda_dns_entry": {
                "expression": {
                  "references": [
                    "aws_vpc_endpoint.lambda"
                  ]
                },
                "description": "The DNS entries for the VPC Endpoint for Lambda."
              },
              "vpc_endpoint_lambda_id": {
                "expression": {
                  "references": [
                    "aws_vpc_endpoint.lambda"
                  ]
                },
                "description": "The ID of VPC endpoint for Lambda"
              },
              "vpc_endpoint_lambda_network_interface_ids": {
                "expression": {
                  "references": [
                    "aws_vpc_endpoint.lambda"
                  ]
                },
                "description": "One or more network interfaces for the VPC Endpoint for Lambda."
              },
              "vpc_endpoint_logs_dns_entry": {
                "expression": {
                  "references": [
                    "aws_vpc_endpoint.logs"
                  ]
                },
                "description": "The DNS entries for the VPC Endpoint for CloudWatch Logs."
              },
              "vpc_endpoint_logs_id": {
                "expression": {
                  "references": [
                    "aws_vpc_endpoint.logs"
                  ]
                },
                "description": "The ID of VPC endpoint for CloudWatch Logs"
              },
              "vpc_endpoint_logs_network_interface_ids": {
                "expression": {
                  "references": [
                    "aws_vpc_endpoint.logs"
                  ]
                },
                "description": "One or more network interfaces for the VPC Endpoint for CloudWatch Logs."
              },
              "vpc_endpoint_monitoring_dns_entry": {
                "expression": {
                  "references": [
                    "aws_vpc_endpoint.monitoring"
                  ]
                },
                "description": "The DNS entries for the VPC Endpoint for CloudWatch Monitoring."
              },
              "vpc_endpoint_monitoring_id": {
                "expression": {
                  "references": [
                    "aws_vpc_endpoint.monitoring"
                  ]
                },
                "description": "The ID of VPC endpoint for CloudWatch Monitoring"
              },
              "vpc_endpoint_monitoring_network_interface_ids": {
                "expression": {
                  "references": [
                    "aws_vpc_endpoint.monitoring"
                  ]
                },
                "description": "One or more network interfaces for the VPC Endpoint for CloudWatch Monitoring."
              },
              "vpc_endpoint_qldb_session_dns_entry": {
                "expression": {
                  "references": [
                    "aws_vpc_endpoint.qldb_session"
                  ]
                },
                "description": "The DNS entries for the VPC Endpoint for QLDB Session."
              },
              "vpc_endpoint_qldb_session_id": {
                "expression": {
                  "references": [
                    "aws_vpc_endpoint.qldb_session"
                  ]
                },
                "description": "The ID of VPC endpoint for QLDB Session"
              },
              "vpc_endpoint_qldb_session_network_interface_ids": {
                "expression": {
                  "references": [
                    "aws_vpc_endpoint.qldb_session"
                  ]
                },
                "description": "One or more network interfaces for the VPC Endpoint for QLDB Session."
              },
              "vpc_endpoint_rds_dns_entry": {
                "expression": {
                  "references": [
                    "aws_vpc_endpoint.rds"
                  ]
                },
                "description": "The DNS entries for the VPC Endpoint for RDS."
              },
              "vpc_endpoint_rds_id": {
                "expression": {
                  "references": [
                    "aws_vpc_endpoint.rds"
                  ]
                },
                "description": "The ID of VPC endpoint for RDS"
              },
              "vpc_endpoint_rds_network_interface_ids": {
                "expression": {
                  "references": [
                    "aws_vpc_endpoint.rds"
                  ]
                },
                "description": "One or more network interfaces for the VPC Endpoint for RDS."
              },
              "vpc_endpoint_rekognition_dns_entry": {
                "expression": {
                  "references": [
                    "aws_vpc_endpoint.rekognition"
                  ]
                },
                "description": "The DNS entries for the VPC Endpoint for Rekognition."
              },
              "vpc_endpoint_rekognition_id": {
                "expression": {
                  "references": [
                    "aws_vpc_endpoint.rekognition"
                  ]
                },
                "description": "The ID of VPC endpoint for Rekognition"
              },
              "vpc_endpoint_rekognition_network_interface_ids": {
                "expression": {
                  "references": [
                    "aws_vpc_endpoint.rekognition"
                  ]
                },
                "description": "One or more network interfaces for the VPC Endpoint for Rekognition."
              },
              "vpc_endpoint_s3_id": {
                "expression": {
                  "references": [
                    "aws_vpc_endpoint.s3"
                  ]
                },
                "description": "The ID of VPC endpoint for S3"
              },
              "vpc_endpoint_s3_pl_id": {
                "expression": {
                  "references": [
                    "aws_vpc_endpoint.s3"
                  ]
                },
                "description": "The prefix list for the S3 VPC endpoint."
              },
              "vpc_endpoint_sagemaker_api_dns_entry": {
                "expression": {
                  "references": [
                    "aws_vpc_endpoint.sagemaker_api"
                  ]
                },
                "description": "The DNS entries for the VPC Endpoint for SageMaker API."
              },
              "vpc_endpoint_sagemaker_api_id": {
                "expression": {
                  "references": [
                    "aws_vpc_endpoint.sagemaker_api"
                  ]
                },
                "description": "The ID of VPC endpoint for SageMaker API"
              },
              "vpc_endpoint_sagemaker_api_network_interface_ids": {
                "expression": {
                  "references": [
                    "aws_vpc_endpoint.sagemaker_api"
                  ]
                },
                "description": "One or more network interfaces for the VPC Endpoint for SageMaker API."
              },
              "vpc_endpoint_sagemaker_runtime_dns_entry": {
                "expression": {
                  "references": [
                    "aws_vpc_endpoint.sagemaker_runtime"
                  ]
                },
                "description": "The DNS entries for the VPC Endpoint for SageMaker Runtime."
              },
              "vpc_endpoint_sagemaker_runtime_id": {
                "expression": {
                  "references": [
                    "aws_vpc_endpoint.sagemaker_runtime"
                  ]
                },
                "description": "The ID of VPC endpoint for SageMaker Runtime"
              },
              "vpc_endpoint_sagemaker_runtime_network_interface_ids": {
                "expression": {
                  "references": [
                    "aws_vpc_endpoint.sagemaker_runtime"
                  ]
                },
                "description": "One or more network interfaces for the VPC Endpoint for SageMaker Runtime."
              },
              "vpc_endpoint_secretsmanager_dns_entry": {
                "expression": {
                  "references": [
                    "aws_vpc_endpoint.secretsmanager"
                  ]
                },
                "description": "The DNS entries for the VPC Endpoint for secretsmanager."
              },
              "vpc_endpoint_secretsmanager_id": {
                "expression": {
                  "references": [
                    "aws_vpc_endpoint.secretsmanager"
                  ]
                },
                "description": "The ID of VPC endpoint for secretsmanager"
              },
              "vpc_endpoint_secretsmanager_network_interface_ids": {
                "expression": {
                  "references": [
                    "aws_vpc_endpoint.secretsmanager"
                  ]
                },
                "description": "One or more network interfaces for the VPC Endpoint for secretsmanager."
              },
              "vpc_endpoint_servicecatalog_dns_entry": {
                "expression": {
                  "references": [
                    "aws_vpc_endpoint.servicecatalog"
                  ]
                },
                "description": "The DNS entries for the VPC Endpoint for Service Catalog."
              },
              "vpc_endpoint_servicecatalog_id": {
                "expression": {
                  "references": [
                    "aws_vpc_endpoint.servicecatalog"
                  ]
                },
                "description": "The ID of VPC endpoint for Service Catalog"
              },
              "vpc_endpoint_servicecatalog_network_interface_ids": {
                "expression": {
                  "references": [
                    "aws_vpc_endpoint.servicecatalog"
                  ]
                },
                "description": "One or more network interfaces for the VPC Endpoint for Service Catalog."
              },
              "vpc_endpoint_ses_dns_entry": {
                "expression": {
                  "references": [
                    "aws_vpc_endpoint.ses"
                  ]
                },
                "description": "The DNS entries for the VPC Endpoint for SES."
              },
              "vpc_endpoint_ses_id": {
                "expression": {
                  "references": [
                    "aws_vpc_endpoint.ses"
                  ]
                },
                "description": "The ID of VPC endpoint for SES"
              },
              "vpc_endpoint_ses_network_interface_ids": {
                "expression": {
                  "references": [
                    "aws_vpc_endpoint.ses"
                  ]
                },
                "description": "One or more network interfaces for the VPC Endpoint for SES."
              },
              "vpc_endpoint_sms_dns_entry": {
                "expression": {
                  "references": [
                    "aws_vpc_endpoint.sms"
                  ]
                },
                "description": "The DNS entries for the VPC Endpoint for SMS."
              },
              "vpc_endpoint_sms_id": {
                "expression": {
                  "references": [
                    "aws_vpc_endpoint.sms"
                  ]
                },
                "description": "The ID of VPC endpoint for SMS"
              },
              "vpc_endpoint_sms_network_interface_ids": {
                "expression": {
                  "references": [
                    "aws_vpc_endpoint.sms"
                  ]
                },
                "description": "One or more network interfaces for the VPC Endpoint for SMS."
              },
              "vpc_endpoint_sns_dns_entry": {
                "expression": {
                  "references": [
                    "aws_vpc_endpoint.sns"
                  ]
                },
                "description": "The DNS entries for the VPC Endpoint for SNS."
              },
              "vpc_endpoint_sns_id": {
                "expression": {
                  "references": [
                    "aws_vpc_endpoint.sns"
                  ]
                },
                "description": "The ID of VPC endpoint for SNS"
              },
              "vpc_endpoint_sns_network_interface_ids": {
                "expression": {
                  "references": [
                    "aws_vpc_endpoint.sns"
                  ]
                },
                "description": "One or more network interfaces for the VPC Endpoint for SNS."
              },
              "vpc_endpoint_sqs_dns_entry": {
                "expression": {
                  "references": [
                    "aws_vpc_endpoint.sqs"
                  ]
                },
                "description": "The DNS entries for the VPC Endpoint for SQS."
              },
              "vpc_endpoint_sqs_id": {
                "expression": {
                  "references": [
                    "aws_vpc_endpoint.sqs"
                  ]
                },
                "description": "The ID of VPC endpoint for SQS"
              },
              "vpc_endpoint_sqs_network_interface_ids": {
                "expression": {
                  "references": [
                    "aws_vpc_endpoint.sqs"
                  ]
                },
                "description": "One or more network interfaces for the VPC Endpoint for SQS."
              },
              "vpc_endpoint_ssm_dns_entry": {
                "expression": {
                  "references": [
                    "aws_vpc_endpoint.ssm"
                  ]
                },
                "description": "The DNS entries for the VPC Endpoint for SSM."
              },
              "vpc_endpoint_ssm_id": {
                "expression": {
                  "references": [
                    "aws_vpc_endpoint.ssm"
                  ]
                },
                "description": "The ID of VPC endpoint for SSM"
              },
              "vpc_endpoint_ssm_network_interface_ids": {
                "expression": {
                  "references": [
                    "aws_vpc_endpoint.ssm"
                  ]
                },
                "description": "One or more network interfaces for the VPC Endpoint for SSM."
              },
              "vpc_endpoint_ssmmessages_dns_entry": {
                "expression": {
                  "references": [
                    "aws_vpc_endpoint.ssmmessages"
                  ]
                },
                "description": "The DNS entries for the VPC Endpoint for SSMMESSAGES."
              },
              "vpc_endpoint_ssmmessages_id": {
                "expression": {
                  "references": [
                    "aws_vpc_endpoint.ssmmessages"
                  ]
                },
                "description": "The ID of VPC endpoint for SSMMESSAGES"
              },
              "vpc_endpoint_ssmmessages_network_interface_ids": {
                "expression": {
                  "references": [
                    "aws_vpc_endpoint.ssmmessages"
                  ]
                },
                "description": "One or more network interfaces for the VPC Endpoint for SSMMESSAGES."
              },
              "vpc_endpoint_states_dns_entry": {
                "expression": {
                  "references": [
                    "aws_vpc_endpoint.states"
                  ]
                },
                "description": "The DNS entries for the VPC Endpoint for Step Function."
              },
              "vpc_endpoint_states_id": {
                "expression": {
                  "references": [
                    "aws_vpc_endpoint.states"
                  ]
                },
                "description": "The ID of VPC endpoint for Step Function"
              },
              "vpc_endpoint_states_network_interface_ids": {
                "expression": {
                  "references": [
                    "aws_vpc_endpoint.states"
                  ]
                },
                "description": "One or more network interfaces for the VPC Endpoint for Step Function."
              },
              "vpc_endpoint_storagegateway_dns_entry": {
                "expression": {
                  "references": [
                    "aws_vpc_endpoint.storagegateway"
                  ]
                },
                "description": "The DNS entries for the VPC Endpoint for Storage Gateway."
              },
              "vpc_endpoint_storagegateway_id": {
                "expression": {
                  "references": [
                    "aws_vpc_endpoint.storagegateway"
                  ]
                },
                "description": "The ID of VPC endpoint for Storage Gateway"
              },
              "vpc_endpoint_storagegateway_network_interface_ids": {
                "expression": {
                  "references": [
                    "aws_vpc_endpoint.storagegateway"
                  ]
                },
                "description": "One or more network interfaces for the VPC Endpoint for Storage Gateway."
              },
              "vpc_endpoint_sts_dns_entry": {
                "expression": {
                  "references": [
                    "aws_vpc_endpoint.sts"
                  ]
                },
                "description": "The DNS entries for the VPC Endpoint for STS."
              },
              "vpc_endpoint_sts_id": {
                "expression": {
                  "references": [
                    "aws_vpc_endpoint.sts"
                  ]
                },
                "description": "The ID of VPC endpoint for STS"
              },
              "vpc_endpoint_sts_network_interface_ids": {
                "expression": {
                  "references": [
                    "aws_vpc_endpoint.sts"
                  ]
                },
                "description": "One or more network interfaces for the VPC Endpoint for STS."
              },
              "vpc_endpoint_textract_dns_entry": {
                "expression": {
                  "references": [
                    "aws_vpc_endpoint.textract"
                  ]
                },
                "description": "The DNS entries for the VPC Endpoint for Textract."
              },
              "vpc_endpoint_textract_id": {
                "expression": {
                  "references": [
                    "aws_vpc_endpoint.textract"
                  ]
                },
                "description": "The ID of VPC endpoint for Textract"
              },
              "vpc_endpoint_textract_network_interface_ids": {
                "expression": {
                  "references": [
                    "aws_vpc_endpoint.textract"
                  ]
                },
                "description": "One or more network interfaces for the VPC Endpoint for Textract."
              },
              "vpc_endpoint_transfer_dns_entry": {
                "expression": {
                  "references": [
                    "aws_vpc_endpoint.transfer"
                  ]
                },
                "description": "The DNS entries for the VPC Endpoint for Transfer."
              },
              "vpc_endpoint_transfer_id": {
                "expression": {
                  "references": [
                    "aws_vpc_endpoint.transfer"
                  ]
                },
                "description": "The ID of VPC endpoint for Transfer"
              },
              "vpc_endpoint_transfer_network_interface_ids": {
                "expression": {
                  "references": [
                    "aws_vpc_endpoint.transfer"
                  ]
                },
                "description": "One or more network interfaces for the VPC Endpoint for Transfer."
              },
              "vpc_endpoint_transferserver_dns_entry": {
                "expression": {
                  "references": [
                    "aws_vpc_endpoint.transferserver"
                  ]
                },
                "description": "The DNS entries for the VPC Endpoint for transferserver."
              },
              "vpc_endpoint_transferserver_id": {
                "expression": {
                  "references": [
                    "aws_vpc_endpoint.transferserver"
                  ]
                },
                "description": "The ID of VPC endpoint for transferserver"
              },
              "vpc_endpoint_transferserver_network_interface_ids": {
                "expression": {
                  "references": [
                    "aws_vpc_endpoint.transferserver"
                  ]
                },
                "description": "One or more network interfaces for the VPC Endpoint for transferserver"
              },
              "vpc_endpoint_workspaces_dns_entry": {
                "expression": {
                  "references": [
                    "aws_vpc_endpoint.workspaces"
                  ]
                },
                "description": "The DNS entries for the VPC Endpoint for Workspaces."
              },
              "vpc_endpoint_workspaces_id": {
                "expression": {
                  "references": [
                    "aws_vpc_endpoint.workspaces"
                  ]
                },
                "description": "The ID of VPC endpoint for Workspaces"
              },
              "vpc_endpoint_workspaces_network_interface_ids": {
                "expression": {
                  "references": [
                    "aws_vpc_endpoint.workspaces"
                  ]
                },
                "description": "One or more network interfaces for the VPC Endpoint for Workspaces."
              },
              "vpc_flow_log_cloudwatch_iam_role_arn": {
                "expression": {
                  "references": [
                    "local.flow_log_iam_role_arn"
                  ]
                },
                "description": "The ARN of the IAM role used when pushing logs to Cloudwatch log group"
              },
              "vpc_flow_log_destination_arn": {
                "expression": {
                  "references": [
                    "local.flow_log_destination_arn"
                  ]
                },
                "description": "The ARN of the destination for VPC Flow Logs"
              },
              "vpc_flow_log_destination_type": {
                "expression": {
                  "references": [
                    "var.flow_log_destination_type"
                  ]
                },
                "description": "The type of the destination for VPC Flow Logs"
              },
              "vpc_flow_log_id": {
                "expression": {
                  "references": [
                    "aws_flow_log.this"
                  ]
                },
                "description": "The ID of the Flow Log resource"
              },
              "vpc_id": {
                "expression": {
                  "references": [
                    "aws_vpc.this"
                  ]
                },
                "description": "The ID of the VPC"
              },
              "vpc_instance_tenancy": {
                "expression": {
                  "references": [
                    "aws_vpc.this"
                  ]
                },
                "description": "Tenancy of instances spin up within VPC"
              },
              "vpc_ipv6_association_id": {
                "expression": {
                  "references": [
                    "aws_vpc.this"
                  ]
                },
                "description": "The association ID for the IPv6 CIDR block"
              },
              "vpc_ipv6_cidr_block": {
                "expression": {
                  "references": [
                    "aws_vpc.this"
                  ]
                },
                "description": "The IPv6 CIDR block"
              },
              "vpc_main_route_table_id": {
                "expression": {
                  "references": [
                    "aws_vpc.this"
                  ]
                },
                "description": "The ID of the main route table associated with this VPC"
              },
              "vpc_owner_id": {
                "expression": {
                  "references": [
                    "aws_vpc.this"
                  ]
                },
                "description": "The ID of the AWS account that owns the VPC"
              },
              "vpc_secondary_cidr_blocks": {
                "expression": {
                  "references": [
                    "aws_vpc_ipv4_cidr_block_association.this"
                  ]
                },
                "description": "List of secondary CIDR blocks of the VPC"
              }
            },
            "resources": [
              {
                "address": "aws_cloudwatch_log_group.flow_log",
                "mode": "managed",
                "type": "aws_cloudwatch_log_group",
                "name": "flow_log",
                "provider_config_key": "vpc:aws",
                "expressions": {
                  "kms_key_id": {
                    "references": [
                      "var.flow_log_cloudwatch_log_group_kms_key_id"
                    ]
                  },
                  "name": {
                    "references": [
                      "var.flow_log_cloudwatch_log_group_name_prefix",
                      "local.vpc_id"
                    ]
                  },
                  "retention_in_days": {
                    "references": [
                      "var.flow_log_cloudwatch_log_group_retention_in_days"
                    ]
                  },
                  "tags": {
                    "references": [
                      "var.tags",
                      "var.vpc_flow_log_tags"
                    ]
                  }
                },
                "schema_version": 0,
                "count_expression": {
                  "references": [
                    "local.create_flow_log_cloudwatch_log_group"
                  ]
                },
                "raw_data": {
                  "FileName": ".terraform/modules/vpc/vpc-flow-logs.tf",
                  "StartLine": 32,
                  "EndLine": 40
                }
              },
              {
                "address": "aws_customer_gateway.this",
                "mode": "managed",
                "type": "aws_customer_gateway",
                "name": "this",
                "provider_config_key": "vpc:aws",
                "expressions": {
                  "bgp_asn": {
                    "references": [
                      "each.value"
                    ]
                  },
                  "ip_address": {
                    "references": [
                      "each.value"
                    ]
                  },
                  "tags": {
                    "references": [
                      "var.name",
                      "each.key",
                      "var.tags",
                      "var.customer_gateway_tags"
                    ]
                  },
                  "type": {
                    "constant_value": "ipsec.1"
                  }
                },
                "schema_version": 0,
                "for_each_expression": {
                  "references": [
                    "var.customer_gateways"
                  ]
                },
                "raw_data": {
                  "FileName": ".terraform/modules/vpc/main.tf",
                  "StartLine": 1105,
                  "EndLine": 1119
                }
              },
              {
                "address": "aws_db_subnet_group.database",
                "mode": "managed",
                "type": "aws_db_subnet_group",
                "name": "database",
                "provider_config_key": "vpc:aws",
                "expressions": {
                  "description": {
                    "references": [
                      "var.name"
                    ]
                  },
                  "name": {
                    "references": [
                      "var.name"
                    ]
                  },
                  "subnet_ids": {
                    "references": [
                      "aws_subnet.database"
                    ]
                  },
                  "tags": {
                    "references": [
                      "var.name",
                      "var.tags",
                      "var.database_subnet_group_tags"
                    ]
                  }
                },
                "schema_version": 0,
                "count_expression": {
                  "references": [
                    "var.create_vpc",
                    "var.database_subnets",
                    "var.create_database_subnet_group"
                  ]
                },
                "raw_data": {
                  "FileName": ".terraform/modules/vpc/main.tf",
                  "StartLine": 449,
                  "EndLine": 463
                }
              },
              {
                "address": "aws_default_network_acl.this",
                "mode": "managed",
                "type": "aws_default_network_acl",
                "name": "this",
                "provider_config_key": "vpc:aws",
                "expressions": {
                  "default_network_acl_id": {
                    "references": [
                      "aws_vpc.this"
                    ]
                  },
                  "subnet_ids": {
                    "references": [
                      "aws_subnet.public",
                      "aws_subnet.private",
                      "aws_subnet.intra",
                      "aws_subnet.database",
                      "aws_subnet.redshift",
                      "aws_subnet.elasticache",
                      "aws_network_acl.public",
                      "aws_network_acl.private",
                      "aws_network_acl.intra",
                      "aws_network_acl.database",
                      "aws_network_acl.redshift",
                      "aws_network_acl.elasticache"
                    ]
                  },
                  "tags": {
                    "references": [
                      "var.default_network_acl_name",
                      "var.tags",
                      "var.default_network_acl_tags"
                    ]
                  }
                },
                "schema_version": 0,
                "count_expression": {
                  "references": [
                    "var.create_vpc",
                    "var.manage_default_network_acl"
                  ]
                },
                "raw_data": {
                  "FileName": ".terraform/modules/vpc/main.tf",
                  "StartLine": 573,
                  "EndLine": 635
                }
              },
              {
                "address": "aws_default_route_table.default",
                "mode": "managed",
                "type": "aws_default_route_table",
                "name": "default",
                "provider_config_key": "vpc:aws",
                "expressions": {
                  "default_route_table_id": {
                    "references": [
                      "aws_vpc.this[0]"
                    ]
                  },
                  "propagating_vgws": {
                    "references": [
                      "var.default_route_table_propagating_vgws"
                    ]
                  },
                  "tags": {
                    "references": [
                      "var.name",
                      "var.tags",
                      "var.default_route_table_tags"
                    ]
                  }
                },
                "schema_version": 0,
                "count_expression": {
                  "references": [
                    "var.create_vpc",
                    "var.manage_default_route_table"
                  ]
                },
                "raw_data": {
                  "FileName": ".terraform/modules/vpc/main.tf",
                  "StartLine": 167,
                  "EndLine": 198
                }
              },
              {
                "address": "aws_default_security_group.this",
                "mode": "managed",
                "type": "aws_default_security_group",
                "name": "this",
                "provider_config_key": "vpc:aws",
                "expressions": {
                  "tags": {
                    "references": [
                      "var.default_security_group_name",
                      "var.tags",
                      "var.default_security_group_tags"
                    ]
                  },
                  "vpc_id": {
                    "references": [
                      "aws_vpc.this[0]"
                    ]
                  }
                },
                "schema_version": 1,
                "count_expression": {
                  "references": [
                    "var.create_vpc",
                    "var.manage_default_security_group"
                  ]
                },
                "raw_data": {
                  "FileName": ".terraform/modules/vpc/main.tf",
                  "StartLine": 57,
                  "EndLine": 99
                }
              },
              {
                "address": "aws_default_vpc.this",
                "mode": "managed",
                "type": "aws_default_vpc",
                "name": "this",
                "provider_config_key": "vpc:aws",
                "expressions": {
                  "enable_classiclink": {
                    "references": [
                      "var.default_vpc_enable_classiclink"
                    ]
                  },
                  "enable_dns_hostnames": {
                    "references": [
                      "var.default_vpc_enable_dns_hostnames"
                    ]
                  },
                  "enable_dns_support": {
                    "references": [
                      "var.default_vpc_enable_dns_support"
                    ]
                  },
                  "tags": {
                    "references": [
                      "var.default_vpc_name",
                      "var.tags",
                      "var.default_vpc_tags"
                    ]
                  }
                },
                "schema_version": 1,
                "count_expression": {
                  "references": [
                    "var.manage_default_vpc"
                  ]
                },
                "raw_data": {
                  "FileName": ".terraform/modules/vpc/main.tf",
                  "StartLine": 1189,
                  "EndLine": 1203
                }
              },
              {
                "address": "aws_egress_only_internet_gateway.this",
                "mode": "managed",
                "type": "aws_egress_only_internet_gateway",
                "name": "this",
                "provider_config_key": "vpc:aws",
                "expressions": {
                  "tags": {
                    "references": [
                      "var.name",
                      "var.tags",
                      "var.igw_tags"
                    ]
                  },
                  "vpc_id": {
                    "references": [
                      "local.vpc_id"
                    ]
                  }
                },
                "schema_version": 0,
                "count_expression": {
                  "references": [
                    "var.create_vpc",
                    "var.create_egress_only_igw",
                    "var.enable_ipv6",
                    "local.max_subnet_length"
                  ]
                },
                "raw_data": {
                  "FileName": ".terraform/modules/vpc/main.tf",
                  "StartLine": 149,
                  "EndLine": 161
                }
              },
              {
                "address": "aws_eip.nat",
                "mode": "managed",
                "type": "aws_eip",
                "name": "nat",
                "provider_config_key": "vpc:aws",
                "expressions": {
                  "tags": {
                    "references": [
                      "var.name",
                      "var.azs",
                      "var.single_nat_gateway",
                      "count.index",
                      "var.tags",
                      "var.nat_eip_tags"
                    ]
                  },
                  "vpc": {
                    "constant_value": true
                  }
                },
                "schema_version": 0,
                "count_expression": {
                  "references": [
                    "var.create_vpc",
                    "var.enable_nat_gateway",
                    "var.reuse_nat_ips",
                    "local.nat_gateway_count"
                  ]
                },
                "raw_data": {
                  "FileName": ".terraform/modules/vpc/main.tf",
                  "StartLine": 967,
                  "EndLine": 983
                }
              },
              {
                "address": "aws_elasticache_subnet_group.elasticache",
                "mode": "managed",
                "type": "aws_elasticache_subnet_group",
                "name": "elasticache",
                "provider_config_key": "vpc:aws",
                "expressions": {
                  "description": {
                    "references": [
                      "var.name"
                    ]
                  },
                  "name": {
                    "references": [
                      "var.name"
                    ]
                  },
                  "subnet_ids": {
                    "references": [
                      "aws_subnet.elasticache"
                    ]
                  }
                },
                "schema_version": 0,
                "count_expression": {
                  "references": [
                    "var.create_vpc",
                    "var.elasticache_subnets",
                    "var.create_elasticache_subnet_group"
                  ]
                },
                "raw_data": {
                  "FileName": ".terraform/modules/vpc/main.tf",
                  "StartLine": 535,
                  "EndLine": 541
                }
              },
              {
                "address": "aws_flow_log.this",
                "mode": "managed",
                "type": "aws_flow_log",
                "name": "this",
                "provider_config_key": "vpc:aws",
                "expressions": {
                  "iam_role_arn": {
                    "references": [
                      "local.flow_log_iam_role_arn"
                    ]
                  },
                  "log_destination": {
                    "references": [
                      "local.flow_log_destination_arn"
                    ]
                  },
                  "log_destination_type": {
                    "references": [
                      "var.flow_log_destination_type"
                    ]
                  },
                  "log_format": {
                    "references": [
                      "var.flow_log_log_format"
                    ]
                  },
                  "max_aggregation_interval": {
                    "references": [
                      "var.flow_log_max_aggregation_interval"
                    ]
                  },
                  "tags": {
                    "references": [
                      "var.tags",
                      "var.vpc_flow_log_tags"
                    ]
                  },
                  "traffic_type": {
                    "references": [
                      "var.flow_log_traffic_type"
                    ]
                  },
                  "vpc_id": {
                    "references": [
                      "local.vpc_id"
                    ]
                  }
                },
                "schema_version": 0,
                "count_expression": {
                  "references": [
                    "local.enable_flow_log"
                  ]
                },
                "raw_data": {
                  "FileName": ".terraform/modules/vpc/vpc-flow-logs.tf",
                  "StartLine": 15,
                  "EndLine": 27
                }
              },
              {
                "address": "aws_iam_policy.vpc_flow_log_cloudwatch",
                "mode": "managed",
                "type": "aws_iam_policy",
                "name": "vpc_flow_log_cloudwatch",
                "provider_config_key": "vpc:aws",
                "expressions": {
                  "name_prefix": {
                    "constant_value": "vpc-flow-log-to-cloudwatch-"
                  },
                  "policy": {
                    "references": [
                      "data.aws_iam_policy_document.vpc_flow_log_cloudwatch[0]"
                    ]
                  }
                },
                "schema_version": 0,
                "count_expression": {
                  "references": [
                    "local.create_flow_log_cloudwatch_iam_role"
                  ]
                },
                "raw_data": {
                  "FileName": ".terraform/modules/vpc/vpc-flow-logs.tf",
                  "StartLine": 77,
                  "EndLine": 82
                }
              },
              {
                "address": "aws_iam_role.vpc_flow_log_cloudwatch",
                "mode": "managed",
                "type": "aws_iam_role",
                "name": "vpc_flow_log_cloudwatch",
                "provider_config_key": "vpc:aws",
                "expressions": {
                  "assume_role_policy": {
                    "references": [
                      "data.aws_iam_policy_document.flow_log_cloudwatch_assume_role[0]"
                    ]
                  },
                  "name_prefix": {
                    "constant_value": "vpc-flow-log-role-"
                  },
                  "permissions_boundary": {
                    "references": [
                      "var.vpc_flow_log_permissions_boundary"
                    ]
                  },
                  "tags": {
                    "references": [
                      "var.tags",
                      "var.vpc_flow_log_tags"
                    ]
                  }
                },
                "schema_version": 0,
                "count_expression": {
                  "references": [
                    "local.create_flow_log_cloudwatch_iam_role"
                  ]
                },
                "raw_data": {
                  "FileName": ".terraform/modules/vpc/vpc-flow-logs.tf",
                  "StartLine": 45,
                  "EndLine": 53
                }
              },
              {
                "address": "aws_iam_role_policy_attachment.vpc_flow_log_cloudwatch",
                "mode": "managed",
                "type": "aws_iam_role_policy_attachment",
                "name": "vpc_flow_log_cloudwatch",
                "provider_config_key": "vpc:aws",
                "expressions": {
                  "policy_arn": {
                    "references": [
                      "aws_iam_policy.vpc_flow_log_cloudwatch[0]"
                    ]
                  },
                  "role": {
                    "references": [
                      "aws_iam_role.vpc_flow_log_cloudwatch[0]"
                    ]
                  }
                },
                "schema_version": 0,
                "count_expression": {
                  "references": [
                    "local.create_flow_log_cloudwatch_iam_role"
                  ]
                },
                "raw_data": {
                  "FileName": ".terraform/modules/vpc/vpc-flow-logs.tf",
                  "StartLine": 70,
                  "EndLine": 75
                }
              },
              {
                "address": "aws_internet_gateway.this",
                "mode": "managed",
                "type": "aws_internet_gateway",
                "name": "this",
                "provider_config_key": "vpc:aws",
                "expressions": {
                  "tags": {
                    "references": [
                      "var.name",
                      "var.tags",
                      "var.igw_tags"
                    ]
                  },
                  "vpc_id": {
                    "references": [
                      "local.vpc_id"
                    ]
                  }
                },
                "schema_version": 0,
                "count_expression": {
                  "references": [
                    "var.create_vpc",
                    "var.create_igw",
                    "var.public_subnets"
                  ]
                },
                "raw_data": {
                  "FileName": ".terraform/modules/vpc/main.tf",
                  "StartLine": 135,
                  "EndLine": 147
                }
              },
              {
                "address": "aws_nat_gateway.this",
                "mode": "managed",
                "type": "aws_nat_gateway",
                "name": "this",
                "provider_config_key": "vpc:aws",
                "expressions": {
                  "allocation_id": {
                    "references": [
                      "local.nat_gateway_ips",
                      "var.single_nat_gateway",
                      "count.index"
                    ]
                  },
                  "subnet_id": {
                    "references": [
                      "aws_subnet.public",
                      "var.single_nat_gateway",
                      "count.index"
                    ]
                  },
                  "tags": {
                    "references": [
                      "var.name",
                      "var.azs",
                      "var.single_nat_gateway",
                      "count.index",
                      "var.tags",
                      "var.nat_gateway_tags"
                    ]
                  }
                },
                "schema_version": 0,
                "count_expression": {
                  "references": [
                    "var.create_vpc",
                    "var.enable_nat_gateway",
                    "local.nat_gateway_count"
                  ]
                },
                "depends_on": [
                  "aws_internet_gateway.this"
                ],
                "raw_data": {
                  "FileName": ".terraform/modules/vpc/main.tf",
                  "StartLine": 985,
                  "EndLine": 1010
                }
              },
              {
                "address": "aws_network_acl.database",
                "mode": "managed",
                "type": "aws_network_acl",
                "name": "database",
                "provider_config_key": "vpc:aws",
                "expressions": {
                  "subnet_ids": {
                    "references": [
                      "aws_subnet.database"
                    ]
                  },
                  "tags": {
                    "references": [
                      "var.database_subnet_suffix",
                      "var.name",
                      "var.tags",
                      "var.database_acl_tags"
                    ]
                  },
                  "vpc_id": {
                    "references": [
                      "aws_vpc.this"
                    ]
                  }
                },
                "schema_version": 0,
                "count_expression": {
                  "references": [
                    "var.create_vpc",
                    "var.database_dedicated_network_acl",
                    "var.database_subnets"
                  ]
                },
                "raw_data": {
                  "FileName": ".terraform/modules/vpc/main.tf",
                  "StartLine": 796,
                  "EndLine": 809
                }
              },
              {
                "address": "aws_network_acl.elasticache",
                "mode": "managed",
                "type": "aws_network_acl",
                "name": "elasticache",
                "provider_config_key": "vpc:aws",
                "expressions": {
                  "subnet_ids": {
                    "references": [
                      "aws_subnet.elasticache"
                    ]
                  },
                  "tags": {
                    "references": [
                      "var.elasticache_subnet_suffix",
                      "var.name",
                      "var.tags",
                      "var.elasticache_acl_tags"
                    ]
                  },
                  "vpc_id": {
                    "references": [
                      "aws_vpc.this"
                    ]
                  }
                },
                "schema_version": 0,
                "count_expression": {
                  "references": [
                    "var.create_vpc",
                    "var.elasticache_dedicated_network_acl",
                    "var.elasticache_subnets"
                  ]
                },
                "raw_data": {
                  "FileName": ".terraform/modules/vpc/main.tf",
                  "StartLine": 900,
                  "EndLine": 913
                }
              },
              {
                "address": "aws_network_acl.intra",
                "mode": "managed",
                "type": "aws_network_acl",
                "name": "intra",
                "provider_config_key": "vpc:aws",
                "expressions": {
                  "subnet_ids": {
                    "references": [
                      "aws_subnet.intra"
                    ]
                  },
                  "tags": {
                    "references": [
                      "var.intra_subnet_suffix",
                      "var.name",
                      "var.tags",
                      "var.intra_acl_tags"
                    ]
                  },
                  "vpc_id": {
                    "references": [
                      "aws_vpc.this"
                    ]
                  }
                },
                "schema_version": 0,
                "count_expression": {
                  "references": [
                    "var.create_vpc",
                    "var.intra_dedicated_network_acl",
                    "var.intra_subnets"
                  ]
                },
                "raw_data": {
                  "FileName": ".terraform/modules/vpc/main.tf",
                  "StartLine": 744,
                  "EndLine": 757
                }
              },
              {
                "address": "aws_network_acl.private",
                "mode": "managed",
                "type": "aws_network_acl",
                "name": "private",
                "provider_config_key": "vpc:aws",
                "expressions": {
                  "subnet_ids": {
                    "references": [
                      "aws_subnet.private"
                    ]
                  },
                  "tags": {
                    "references": [
                      "var.private_subnet_suffix",
                      "var.name",
                      "var.tags",
                      "var.private_acl_tags"
                    ]
                  },
                  "vpc_id": {
                    "references": [
                      "aws_vpc.this"
                    ]
                  }
                },
                "schema_version": 0,
                "count_expression": {
                  "references": [
                    "var.create_vpc",
                    "var.private_dedicated_network_acl",
                    "var.private_subnets"
                  ]
                },
                "raw_data": {
                  "FileName": ".terraform/modules/vpc/main.tf",
                  "StartLine": 692,
                  "EndLine": 705
                }
              },
              {
                "address": "aws_network_acl.public",
                "mode": "managed",
                "type": "aws_network_acl",
                "name": "public",
                "provider_config_key": "vpc:aws",
                "expressions": {
                  "subnet_ids": {
                    "references": [
                      "aws_subnet.public"
                    ]
                  },
                  "tags": {
                    "references": [
                      "var.public_subnet_suffix",
                      "var.name",
                      "var.tags",
                      "var.public_acl_tags"
                    ]
                  },
                  "vpc_id": {
                    "references": [
                      "aws_vpc.this"
                    ]
                  }
                },
                "schema_version": 0,
                "count_expression": {
                  "references": [
                    "var.create_vpc",
                    "var.public_dedicated_network_acl",
                    "var.public_subnets"
                  ]
                },
                "raw_data": {
                  "FileName": ".terraform/modules/vpc/main.tf",
                  "StartLine": 640,
                  "EndLine": 653
                }
              },
              {
                "address": "aws_network_acl.redshift",
                "mode": "managed",
                "type": "aws_network_acl",
                "name": "redshift",
                "provider_config_key": "vpc:aws",
                "expressions": {
                  "subnet_ids": {
                    "references": [
                      "aws_subnet.redshift"
                    ]
                  },
                  "tags": {
                    "references": [
                      "var.redshift_subnet_suffix",
                      "var.name",
                      "var.tags",
                      "var.redshift_acl_tags"
                    ]
                  },
                  "vpc_id": {
                    "references": [
                      "aws_vpc.this"
                    ]
                  }
                },
                "schema_version": 0,
                "count_expression": {
                  "references": [
                    "var.create_vpc",
                    "var.redshift_dedicated_network_acl",
                    "var.redshift_subnets"
                  ]
                },
                "raw_data": {
                  "FileName": ".terraform/modules/vpc/main.tf",
                  "StartLine": 848,
                  "EndLine": 861
                }
              },
              {
                "address": "aws_network_acl_rule.database_inbound",
                "mode": "managed",
                "type": "aws_network_acl_rule",
                "name": "database_inbound",
                "provider_config_key": "vpc:aws",
                "expressions": {
                  "cidr_block": {
                    "references": [
                      "var.database_inbound_acl_rules",
                      "count.index"
                    ]
                  },
                  "egress": {
                    "constant_value": false
                  },
                  "from_port": {
                    "references": [
                      "var.database_inbound_acl_rules",
                      "count.index"
                    ]
                  },
                  "icmp_code": {
                    "references": [
                      "var.database_inbound_acl_rules",
                      "count.index"
                    ]
                  },
                  "icmp_type": {
                    "references": [
                      "var.database_inbound_acl_rules",
                      "count.index"
                    ]
                  },
                  "ipv6_cidr_block": {
                    "references": [
                      "var.database_inbound_acl_rules",
                      "count.index"
                    ]
                  },
                  "network_acl_id": {
                    "references": [
                      "aws_network_acl.database[0]"
                    ]
                  },
                  "protocol": {
                    "references": [
                      "var.database_inbound_acl_rules",
                      "count.index"
                    ]
                  },
                  "rule_action": {
                    "references": [
                      "var.database_inbound_acl_rules",
                      "count.index"
                    ]
                  },
                  "rule_number": {
                    "references": [
                      "var.database_inbound_acl_rules",
                      "count.index"
                    ]
                  },
                  "to_port": {
                    "references": [
                      "var.database_inbound_acl_rules",
                      "count.index"
                    ]
                  }
                },
                "schema_version": 0,
                "count_expression": {
                  "references": [
                    "var.create_vpc",
                    "var.database_dedicated_network_acl",
                    "var.database_subnets",
                    "var.database_inbound_acl_rules"
                  ]
                },
                "raw_data": {
                  "FileName": ".terraform/modules/vpc/main.tf",
                  "StartLine": 811,
                  "EndLine": 826
                }
              },
              {
                "address": "aws_network_acl_rule.database_outbound",
                "mode": "managed",
                "type": "aws_network_acl_rule",
                "name": "database_outbound",
                "provider_config_key": "vpc:aws",
                "expressions": {
                  "cidr_block": {
                    "references": [
                      "var.database_outbound_acl_rules",
                      "count.index"
                    ]
                  },
                  "egress": {
                    "constant_value": true
                  },
                  "from_port": {
                    "references": [
                      "var.database_outbound_acl_rules",
                      "count.index"
                    ]
                  },
                  "icmp_code": {
                    "references": [
                      "var.database_outbound_acl_rules",
                      "count.index"
                    ]
                  },
                  "icmp_type": {
                    "references": [
                      "var.database_outbound_acl_rules",
                      "count.index"
                    ]
                  },
                  "ipv6_cidr_block": {
                    "references": [
                      "var.database_outbound_acl_rules",
                      "count.index"
                    ]
                  },
                  "network_acl_id": {
                    "references": [
                      "aws_network_acl.database[0]"
                    ]
                  },
                  "protocol": {
                    "references": [
                      "var.database_outbound_acl_rules",
                      "count.index"
                    ]
                  },
                  "rule_action": {
                    "references": [
                      "var.database_outbound_acl_rules",
                      "count.index"
                    ]
                  },
                  "rule_number": {
                    "references": [
                      "var.database_outbound_acl_rules",
                      "count.index"
                    ]
                  },
                  "to_port": {
                    "references": [
                      "var.database_outbound_acl_rules",
                      "count.index"
                    ]
                  }
                },
                "schema_version": 0,
                "count_expression": {
                  "references": [
                    "var.create_vpc",
                    "var.database_dedicated_network_acl",
                    "var.database_subnets",
                    "var.database_outbound_acl_rules"
                  ]
                },
                "raw_data": {
                  "FileName": ".terraform/modules/vpc/main.tf",
                  "StartLine": 828,
                  "EndLine": 843
                }
              },
              {
                "address": "aws_network_acl_rule.elasticache_inbound",
                "mode": "managed",
                "type": "aws_network_acl_rule",
                "name": "elasticache_inbound",
                "provider_config_key": "vpc:aws",
                "expressions": {
                  "cidr_block": {
                    "references": [
                      "var.elasticache_inbound_acl_rules",
                      "count.index"
                    ]
                  },
                  "egress": {
                    "constant_value": false
                  },
                  "from_port": {
                    "references": [
                      "var.elasticache_inbound_acl_rules",
                      "count.index"
                    ]
                  },
                  "icmp_code": {
                    "references": [
                      "var.elasticache_inbound_acl_rules",
                      "count.index"
                    ]
                  },
                  "icmp_type": {
                    "references": [
                      "var.elasticache_inbound_acl_rules",
                      "count.index"
                    ]
                  },
                  "ipv6_cidr_block": {
                    "references": [
                      "var.elasticache_inbound_acl_rules",
                      "count.index"
                    ]
                  },
                  "network_acl_id": {
                    "references": [
                      "aws_network_acl.elasticache[0]"
                    ]
                  },
                  "protocol": {
                    "references": [
                      "var.elasticache_inbound_acl_rules",
                      "count.index"
                    ]
                  },
                  "rule_action": {
                    "references": [
                      "var.elasticache_inbound_acl_rules",
                      "count.index"
                    ]
                  },
                  "rule_number": {
                    "references": [
                      "var.elasticache_inbound_acl_rules",
                      "count.index"
                    ]
                  },
                  "to_port": {
                    "references": [
                      "var.elasticache_inbound_acl_rules",
                      "count.index"
                    ]
                  }
                },
                "schema_version": 0,
                "count_expression": {
                  "references": [
                    "var.create_vpc",
                    "var.elasticache_dedicated_network_acl",
                    "var.elasticache_subnets",
                    "var.elasticache_inbound_acl_rules"
                  ]
                },
                "raw_data": {
                  "FileName": ".terraform/modules/vpc/main.tf",
                  "StartLine": 915,
                  "EndLine": 930
                }
              },
              {
                "address": "aws_network_acl_rule.elasticache_outbound",
                "mode": "managed",
                "type": "aws_network_acl_rule",
                "name": "elasticache_outbound",
                "provider_config_key": "vpc:aws",
                "expressions": {
                  "cidr_block": {
                    "references": [
                      "var.elasticache_outbound_acl_rules",
                      "count.index"
                    ]
                  },
                  "egress": {
                    "constant_value": true
                  },
                  "from_port": {
                    "references": [
                      "var.elasticache_outbound_acl_rules",
                      "count.index"
                    ]
                  },
                  "icmp_code": {
                    "references": [
                      "var.elasticache_outbound_acl_rules",
                      "count.index"
                    ]
                  },
                  "icmp_type": {
                    "references": [
                      "var.elasticache_outbound_acl_rules",
                      "count.index"
                    ]
                  },
                  "ipv6_cidr_block": {
                    "references": [
                      "var.elasticache_outbound_acl_rules",
                      "count.index"
                    ]
                  },
                  "network_acl_id": {
                    "references": [
                      "aws_network_acl.elasticache[0]"
                    ]
                  },
                  "protocol": {
                    "references": [
                      "var.elasticache_outbound_acl_rules",
                      "count.index"
                    ]
                  },
                  "rule_action": {
                    "references": [
                      "var.elasticache_outbound_acl_rules",
                      "count.index"
                    ]
                  },
                  "rule_number": {
                    "references": [
                      "var.elasticache_outbound_acl_rules",
                      "count.index"
                    ]
                  },
                  "to_port": {
                    "references": [
                      "var.elasticache_outbound_acl_rules",
                      "count.index"
                    ]
                  }
                },
                "schema_version": 0,
                "count_expression": {
                  "references": [
                    "var.create_vpc",
                    "var.elasticache_dedicated_network_acl",
                    "var.elasticache_subnets",
                    "var.elasticache_outbound_acl_rules"
                  ]
                },
                "raw_data": {
                  "FileName": ".terraform/modules/vpc/main.tf",
                  "StartLine": 932,
                  "EndLine": 947
                }
              },
              {
                "address": "aws_network_acl_rule.intra_inbound",
                "mode": "managed",
                "type": "aws_network_acl_rule",
                "name": "intra_inbound",
                "provider_config_key": "vpc:aws",
                "expressions": {
                  "cidr_block": {
                    "references": [
                      "var.intra_inbound_acl_rules",
                      "count.index"
                    ]
                  },
                  "egress": {
                    "constant_value": false
                  },
                  "from_port": {
                    "references": [
                      "var.intra_inbound_acl_rules",
                      "count.index"
                    ]
                  },
                  "icmp_code": {
                    "references": [
                      "var.intra_inbound_acl_rules",
                      "count.index"
                    ]
                  },
                  "icmp_type": {
                    "references": [
                      "var.intra_inbound_acl_rules",
                      "count.index"
                    ]
                  },
                  "ipv6_cidr_block": {
                    "references": [
                      "var.intra_inbound_acl_rules",
                      "count.index"
                    ]
                  },
                  "network_acl_id": {
                    "references": [
                      "aws_network_acl.intra[0]"
                    ]
                  },
                  "protocol": {
                    "references": [
                      "var.intra_inbound_acl_rules",
                      "count.index"
                    ]
                  },
                  "rule_action": {
                    "references": [
                      "var.intra_inbound_acl_rules",
                      "count.index"
                    ]
                  },
                  "rule_number": {
                    "references": [
                      "var.intra_inbound_acl_rules",
                      "count.index"
                    ]
                  },
                  "to_port": {
                    "references": [
                      "var.intra_inbound_acl_rules",
                      "count.index"
                    ]
                  }
                },
                "schema_version": 0,
                "count_expression": {
                  "references": [
                    "var.create_vpc",
                    "var.intra_dedicated_network_acl",
                    "var.intra_subnets",
                    "var.intra_inbound_acl_rules"
                  ]
                },
                "raw_data": {
                  "FileName": ".terraform/modules/vpc/main.tf",
                  "StartLine": 759,
                  "EndLine": 774
                }
              },
              {
                "address": "aws_network_acl_rule.intra_outbound",
                "mode": "managed",
                "type": "aws_network_acl_rule",
                "name": "intra_outbound",
                "provider_config_key": "vpc:aws",
                "expressions": {
                  "cidr_block": {
                    "references": [
                      "var.intra_outbound_acl_rules",
                      "count.index"
                    ]
                  },
                  "egress": {
                    "constant_value": true
                  },
                  "from_port": {
                    "references": [
                      "var.intra_outbound_acl_rules",
                      "count.index"
                    ]
                  },
                  "icmp_code": {
                    "references": [
                      "var.intra_outbound_acl_rules",
                      "count.index"
                    ]
                  },
                  "icmp_type": {
                    "references": [
                      "var.intra_outbound_acl_rules",
                      "count.index"
                    ]
                  },
                  "ipv6_cidr_block": {
                    "references": [
                      "var.intra_outbound_acl_rules",
                      "count.index"
                    ]
                  },
                  "network_acl_id": {
                    "references": [
                      "aws_network_acl.intra[0]"
                    ]
                  },
                  "protocol": {
                    "references": [
                      "var.intra_outbound_acl_rules",
                      "count.index"
                    ]
                  },
                  "rule_action": {
                    "references": [
                      "var.intra_outbound_acl_rules",
                      "count.index"
                    ]
                  },
                  "rule_number": {
                    "references": [
                      "var.intra_outbound_acl_rules",
                      "count.index"
                    ]
                  },
                  "to_port": {
                    "references": [
                      "var.intra_outbound_acl_rules",
                      "count.index"
                    ]
                  }
                },
                "schema_version": 0,
                "count_expression": {
                  "references": [
                    "var.create_vpc",
                    "var.intra_dedicated_network_acl",
                    "var.intra_subnets",
                    "var.intra_outbound_acl_rules"
                  ]
                },
                "raw_data": {
                  "FileName": ".terraform/modules/vpc/main.tf",
                  "StartLine": 776,
                  "EndLine": 791
                }
              },
              {
                "address": "aws_network_acl_rule.private_inbound",
                "mode": "managed",
                "type": "aws_network_acl_rule",
                "name": "private_inbound",
                "provider_config_key": "vpc:aws",
                "expressions": {
                  "cidr_block": {
                    "references": [
                      "var.private_inbound_acl_rules",
                      "count.index"
                    ]
                  },
                  "egress": {
                    "constant_value": false
                  },
                  "from_port": {
                    "references": [
                      "var.private_inbound_acl_rules",
                      "count.index"
                    ]
                  },
                  "icmp_code": {
                    "references": [
                      "var.private_inbound_acl_rules",
                      "count.index"
                    ]
                  },
                  "icmp_type": {
                    "references": [
                      "var.private_inbound_acl_rules",
                      "count.index"
                    ]
                  },
                  "ipv6_cidr_block": {
                    "references": [
                      "var.private_inbound_acl_rules",
                      "count.index"
                    ]
                  },
                  "network_acl_id": {
                    "references": [
                      "aws_network_acl.private[0]"
                    ]
                  },
                  "protocol": {
                    "references": [
                      "var.private_inbound_acl_rules",
                      "count.index"
                    ]
                  },
                  "rule_action": {
                    "references": [
                      "var.private_inbound_acl_rules",
                      "count.index"
                    ]
                  },
                  "rule_number": {
                    "references": [
                      "var.private_inbound_acl_rules",
                      "count.index"
                    ]
                  },
                  "to_port": {
                    "references": [
                      "var.private_inbound_acl_rules",
                      "count.index"
                    ]
                  }
                },
                "schema_version": 0,
                "count_expression": {
                  "references": [
                    "var.create_vpc",
                    "var.private_dedicated_network_acl",
                    "var.private_subnets",
                    "var.private_inbound_acl_rules"
                  ]
                },
                "raw_data": {
                  "FileName": ".terraform/modules/vpc/main.tf",
                  "StartLine": 707,
                  "EndLine": 722
                }
              },
              {
                "address": "aws_network_acl_rule.private_outbound",
                "mode": "managed",
                "type": "aws_network_acl_rule",
                "name": "private_outbound",
                "provider_config_key": "vpc:aws",
                "expressions": {
                  "cidr_block": {
                    "references": [
                      "var.private_outbound_acl_rules",
                      "count.index"
                    ]
                  },
                  "egress": {
                    "constant_value": true
                  },
                  "from_port": {
                    "references": [
                      "var.private_outbound_acl_rules",
                      "count.index"
                    ]
                  },
                  "icmp_code": {
                    "references": [
                      "var.private_outbound_acl_rules",
                      "count.index"
                    ]
                  },
                  "icmp_type": {
                    "references": [
                      "var.private_outbound_acl_rules",
                      "count.index"
                    ]
                  },
                  "ipv6_cidr_block": {
                    "references": [
                      "var.private_outbound_acl_rules",
                      "count.index"
                    ]
                  },
                  "network_acl_id": {
                    "references": [
                      "aws_network_acl.private[0]"
                    ]
                  },
                  "protocol": {
                    "references": [
                      "var.private_outbound_acl_rules",
                      "count.index"
                    ]
                  },
                  "rule_action": {
                    "references": [
                      "var.private_outbound_acl_rules",
                      "count.index"
                    ]
                  },
                  "rule_number": {
                    "references": [
                      "var.private_outbound_acl_rules",
                      "count.index"
                    ]
                  },
                  "to_port": {
                    "references": [
                      "var.private_outbound_acl_rules",
                      "count.index"
                    ]
                  }
                },
                "schema_version": 0,
                "count_expression": {
                  "references": [
                    "var.create_vpc",
                    "var.private_dedicated_network_acl",
                    "var.private_subnets",
                    "var.private_outbound_acl_rules"
                  ]
                },
                "raw_data": {
                  "FileName": ".terraform/modules/vpc/main.tf",
                  "StartLine": 724,
                  "EndLine": 739
                }
              },
              {
                "address": "aws_network_acl_rule.public_inbound",
                "mode": "managed",
                "type": "aws_network_acl_rule",
                "name": "public_inbound",
                "provider_config_key": "vpc:aws",
                "expressions": {
                  "cidr_block": {
                    "references": [
                      "var.public_inbound_acl_rules",
                      "count.index"
                    ]
                  },
                  "egress": {
                    "constant_value": false
                  },
                  "from_port": {
                    "references": [
                      "var.public_inbound_acl_rules",
                      "count.index"
                    ]
                  },
                  "icmp_code": {
                    "references": [
                      "var.public_inbound_acl_rules",
                      "count.index"
                    ]
                  },
                  "icmp_type": {
                    "references": [
                      "var.public_inbound_acl_rules",
                      "count.index"
                    ]
                  },
                  "ipv6_cidr_block": {
                    "references": [
                      "var.public_inbound_acl_rules",
                      "count.index"
                    ]
                  },
                  "network_acl_id": {
                    "references": [
                      "aws_network_acl.public[0]"
                    ]
                  },
                  "protocol": {
                    "references": [
                      "var.public_inbound_acl_rules",
                      "count.index"
                    ]
                  },
                  "rule_action": {
                    "references": [
                      "var.public_inbound_acl_rules",
                      "count.index"
                    ]
                  },
                  "rule_number": {
                    "references": [
                      "var.public_inbound_acl_rules",
                      "count.index"
                    ]
                  },
                  "to_port": {
                    "references": [
                      "var.public_inbound_acl_rules",
                      "count.index"
                    ]
                  }
                },
                "schema_version": 0,
                "count_expression": {
                  "references": [
                    "var.create_vpc",
                    "var.public_dedicated_network_acl",
                    "var.public_subnets",
                    "var.public_inbound_acl_rules"
                  ]
                },
                "raw_data": {
                  "FileName": ".terraform/modules/vpc/main.tf",
                  "StartLine": 655,
                  "EndLine": 670
                }
              },
              {
                "address": "aws_network_acl_rule.public_outbound",
                "mode": "managed",
                "type": "aws_network_acl_rule",
                "name": "public_outbound",
                "provider_config_key": "vpc:aws",
                "expressions": {
                  "cidr_block": {
                    "references": [
                      "var.public_outbound_acl_rules",
                      "count.index"
                    ]
                  },
                  "egress": {
                    "constant_value": true
                  },
                  "from_port": {
                    "references": [
                      "var.public_outbound_acl_rules",
                      "count.index"
                    ]
                  },
                  "icmp_code": {
                    "references": [
                      "var.public_outbound_acl_rules",
                      "count.index"
                    ]
                  },
                  "icmp_type": {
                    "references": [
                      "var.public_outbound_acl_rules",
                      "count.index"
                    ]
                  },
                  "ipv6_cidr_block": {
                    "references": [
                      "var.public_outbound_acl_rules",
                      "count.index"
                    ]
                  },
                  "network_acl_id": {
                    "references": [
                      "aws_network_acl.public[0]"
                    ]
                  },
                  "protocol": {
                    "references": [
                      "var.public_outbound_acl_rules",
                      "count.index"
                    ]
                  },
                  "rule_action": {
                    "references": [
                      "var.public_outbound_acl_rules",
                      "count.index"
                    ]
                  },
                  "rule_number": {
                    "references": [
                      "var.public_outbound_acl_rules",
                      "count.index"
                    ]
                  },
                  "to_port": {
                    "references": [
                      "var.public_outbound_acl_rules",
                      "count.index"
                    ]
                  }
                },
                "schema_version": 0,
                "count_expression": {
                  "references": [
                    "var.create_vpc",
                    "var.public_dedicated_network_acl",
                    "var.public_subnets",
                    "var.public_outbound_acl_rules"
                  ]
                },
                "raw_data": {
                  "FileName": ".terraform/modules/vpc/main.tf",
                  "StartLine": 672,
                  "EndLine": 687
                }
              },
              {
                "address": "aws_network_acl_rule.redshift_inbound",
                "mode": "managed",
                "type": "aws_network_acl_rule",
                "name": "redshift_inbound",
                "provider_config_key": "vpc:aws",
                "expressions": {
                  "cidr_block": {
                    "references": [
                      "var.redshift_inbound_acl_rules",
                      "count.index"
                    ]
                  },
                  "egress": {
                    "constant_value": false
                  },
                  "from_port": {
                    "references": [
                      "var.redshift_inbound_acl_rules",
                      "count.index"
                    ]
                  },
                  "icmp_code": {
                    "references": [
                      "var.redshift_inbound_acl_rules",
                      "count.index"
                    ]
                  },
                  "icmp_type": {
                    "references": [
                      "var.redshift_inbound_acl_rules",
                      "count.index"
                    ]
                  },
                  "ipv6_cidr_block": {
                    "references": [
                      "var.redshift_inbound_acl_rules",
                      "count.index"
                    ]
                  },
                  "network_acl_id": {
                    "references": [
                      "aws_network_acl.redshift[0]"
                    ]
                  },
                  "protocol": {
                    "references": [
                      "var.redshift_inbound_acl_rules",
                      "count.index"
                    ]
                  },
                  "rule_action": {
                    "references": [
                      "var.redshift_inbound_acl_rules",
                      "count.index"
                    ]
                  },
                  "rule_number": {
                    "references": [
                      "var.redshift_inbound_acl_rules",
                      "count.index"
                    ]
                  },
                  "to_port": {
                    "references": [
                      "var.redshift_inbound_acl_rules",
                      "count.index"
                    ]
                  }
                },
                "schema_version": 0,
                "count_expression": {
                  "references": [
                    "var.create_vpc",
                    "var.redshift_dedicated_network_acl",
                    "var.redshift_subnets",
                    "var.redshift_inbound_acl_rules"
                  ]
                },
                "raw_data": {
                  "FileName": ".terraform/modules/vpc/main.tf",
                  "StartLine": 863,
                  "EndLine": 878
                }
              },
              {
                "address": "aws_network_acl_rule.redshift_outbound",
                "mode": "managed",
                "type": "aws_network_acl_rule",
                "name": "redshift_outbound",
                "provider_config_key": "vpc:aws",
                "expressions": {
                  "cidr_block": {
                    "references": [
                      "var.redshift_outbound_acl_rules",
                      "count.index"
                    ]
                  },
                  "egress": {
                    "constant_value": true
                  },
                  "from_port": {
                    "references": [
                      "var.redshift_outbound_acl_rules",
                      "count.index"
                    ]
                  },
                  "icmp_code": {
                    "references": [
                      "var.redshift_outbound_acl_rules",
                      "count.index"
                    ]
                  },
                  "icmp_type": {
                    "references": [
                      "var.redshift_outbound_acl_rules",
                      "count.index"
                    ]
                  },
                  "ipv6_cidr_block": {
                    "references": [
                      "var.redshift_outbound_acl_rules",
                      "count.index"
                    ]
                  },
                  "network_acl_id": {
                    "references": [
                      "aws_network_acl.redshift[0]"
                    ]
                  },
                  "protocol": {
                    "references": [
                      "var.redshift_outbound_acl_rules",
                      "count.index"
                    ]
                  },
                  "rule_action": {
                    "references": [
                      "var.redshift_outbound_acl_rules",
                      "count.index"
                    ]
                  },
                  "rule_number": {
                    "references": [
                      "var.redshift_outbound_acl_rules",
                      "count.index"
                    ]
                  },
                  "to_port": {
                    "references": [
                      "var.redshift_outbound_acl_rules",
                      "count.index"
                    ]
                  }
                },
                "schema_version": 0,
                "count_expression": {
                  "references": [
                    "var.create_vpc",
                    "var.redshift_dedicated_network_acl",
                    "var.redshift_subnets",
                    "var.redshift_outbound_acl_rules"
                  ]
                },
                "raw_data": {
                  "FileName": ".terraform/modules/vpc/main.tf",
                  "StartLine": 880,
                  "EndLine": 895
                }
              },
              {
                "address": "aws_redshift_subnet_group.redshift",
                "mode": "managed",
                "type": "aws_redshift_subnet_group",
                "name": "redshift",
                "provider_config_key": "vpc:aws",
                "expressions": {
                  "description": {
                    "references": [
                      "var.name"
                    ]
                  },
                  "name": {
                    "references": [
                      "var.name"
                    ]
                  },
                  "subnet_ids": {
                    "references": [
                      "aws_subnet.redshift"
                    ]
                  },
                  "tags": {
                    "references": [
                      "var.name",
                      "var.tags",
                      "var.redshift_subnet_group_tags"
                    ]
                  }
                },
                "schema_version": 0,
                "count_expression": {
                  "references": [
                    "var.create_vpc",
                    "var.redshift_subnets",
                    "var.create_redshift_subnet_group"
                  ]
                },
                "raw_data": {
                  "FileName": ".terraform/modules/vpc/main.tf",
                  "StartLine": 492,
                  "EndLine": 506
                }
              },
              {
                "address": "aws_route.database_internet_gateway",
                "mode": "managed",
                "type": "aws_route",
                "name": "database_internet_gateway",
                "provider_config_key": "vpc:aws",
                "expressions": {
                  "destination_cidr_block": {
                    "constant_value": "0.0.0.0/0"
                  },
                  "gateway_id": {
                    "references": [
                      "aws_internet_gateway.this[0]"
                    ]
                  },
                  "route_table_id": {
                    "references": [
                      "aws_route_table.database[0]"
                    ]
                  },
                  "timeouts": {
                    "create": {
                      "constant_value": "5m"
                    }
                  }
                },
                "schema_version": 0,
                "count_expression": {
                  "references": [
                    "var.create_vpc",
                    "var.create_igw",
                    "var.create_database_subnet_route_table",
                    "var.database_subnets",
                    "var.create_database_internet_gateway_route",
                    "var.create_database_nat_gateway_route"
                  ]
                },
                "raw_data": {
                  "FileName": ".terraform/modules/vpc/main.tf",
                  "StartLine": 280,
                  "EndLine": 290
                }
              },
              {
                "address": "aws_route.database_ipv6_egress",
                "mode": "managed",
                "type": "aws_route",
                "name": "database_ipv6_egress",
                "provider_config_key": "vpc:aws",
                "expressions": {
                  "destination_ipv6_cidr_block": {
                    "constant_value": "::/0"
                  },
                  "egress_only_gateway_id": {
                    "references": [
                      "aws_egress_only_internet_gateway.this[0]"
                    ]
                  },
                  "route_table_id": {
                    "references": [
                      "aws_route_table.database[0]"
                    ]
                  },
                  "timeouts": {
                    "create": {
                      "constant_value": "5m"
                    }
                  }
                },
                "schema_version": 0,
                "count_expression": {
                  "references": [
                    "var.create_vpc",
                    "var.create_egress_only_igw",
                    "var.enable_ipv6",
                    "var.create_database_subnet_route_table",
                    "var.database_subnets",
                    "var.create_database_internet_gateway_route"
                  ]
                },
                "raw_data": {
                  "FileName": ".terraform/modules/vpc/main.tf",
                  "StartLine": 304,
                  "EndLine": 314
                }
              },
              {
                "address": "aws_route.database_nat_gateway",
                "mode": "managed",
                "type": "aws_route",
                "name": "database_nat_gateway",
                "provider_config_key": "vpc:aws",
                "expressions": {
                  "destination_cidr_block": {
                    "constant_value": "0.0.0.0/0"
                  },
                  "nat_gateway_id": {
                    "references": [
                      "aws_nat_gateway.this",
                      "count.index"
                    ]
                  },
                  "route_table_id": {
                    "references": [
                      "aws_route_table.database",
                      "count.index"
                    ]
                  },
                  "timeouts": {
                    "create": {
                      "constant_value": "5m"
                    }
                  }
                },
                "schema_version": 0,
                "count_expression": {
                  "references": [
                    "var.create_vpc",
                    "var.create_database_subnet_route_table",
                    "var.database_subnets",
                    "var.create_database_internet_gateway_route",
                    "var.create_database_nat_gateway_route",
                    "var.enable_nat_gateway",
                    "var.single_nat_gateway",
                    "var.database_subnets"
                  ]
                },
                "raw_data": {
                  "FileName": ".terraform/modules/vpc/main.tf",
                  "StartLine": 292,
                  "EndLine": 302
                }
              },
              {
                "address": "aws_route.private_ipv6_egress",
                "mode": "managed",
                "type": "aws_route",
                "name": "private_ipv6_egress",
                "provider_config_key": "vpc:aws",
                "expressions": {
                  "destination_ipv6_cidr_block": {
                    "constant_value": "::/0"
                  },
                  "egress_only_gateway_id": {
                    "references": [
                      "aws_egress_only_internet_gateway.this"
                    ]
                  },
                  "route_table_id": {
                    "references": [
                      "aws_route_table.private",
                      "count.index"
                    ]
                  }
                },
                "schema_version": 0,
                "count_expression": {
                  "references": [
                    "var.create_vpc",
                    "var.create_egress_only_igw",
                    "var.enable_ipv6",
                    "var.private_subnets"
                  ]
                },
                "raw_data": {
                  "FileName": ".terraform/modules/vpc/main.tf",
                  "StartLine": 1024,
                  "EndLine": 1030
                }
              },
              {
                "address": "aws_route.private_nat_gateway",
                "mode": "managed",
                "type": "aws_route",
                "name": "private_nat_gateway",
                "provider_config_key": "vpc:aws",
                "expressions": {
                  "destination_cidr_block": {
                    "constant_value": "0.0.0.0/0"
                  },
                  "nat_gateway_id": {
                    "references": [
                      "aws_nat_gateway.this",
                      "count.index"
                    ]
                  },
                  "route_table_id": {
                    "references": [
                      "aws_route_table.private",
                      "count.index"
                    ]
                  },
                  "timeouts": {
                    "create": {
                      "constant_value": "5m"
                    }
                  }
                },
                "schema_version": 0,
                "count_expression": {
                  "references": [
                    "var.create_vpc",
                    "var.enable_nat_gateway",
                    "local.nat_gateway_count"
                  ]
                },
                "raw_data": {
                  "FileName": ".terraform/modules/vpc/main.tf",
                  "StartLine": 1012,
                  "EndLine": 1022
                }
              },
              {
                "address": "aws_route.public_internet_gateway",
                "mode": "managed",
                "type": "aws_route",
                "name": "public_internet_gateway",
                "provider_config_key": "vpc:aws",
                "expressions": {
                  "destination_cidr_block": {
                    "constant_value": "0.0.0.0/0"
                  },
                  "gateway_id": {
                    "references": [
                      "aws_internet_gateway.this[0]"
                    ]
                  },
                  "route_table_id": {
                    "references": [
                      "aws_route_table.public[0]"
                    ]
                  },
                  "timeouts": {
                    "create": {
                      "constant_value": "5m"
                    }
                  }
                },
                "schema_version": 0,
                "count_expression": {
                  "references": [
                    "var.create_vpc",
                    "var.create_igw",
                    "var.public_subnets"
                  ]
                },
                "raw_data": {
                  "FileName": ".terraform/modules/vpc/main.tf",
                  "StartLine": 217,
                  "EndLine": 227
                }
              },
              {
                "address": "aws_route.public_internet_gateway_ipv6",
                "mode": "managed",
                "type": "aws_route",
                "name": "public_internet_gateway_ipv6",
                "provider_config_key": "vpc:aws",
                "expressions": {
                  "destination_ipv6_cidr_block": {
                    "constant_value": "::/0"
                  },
                  "gateway_id": {
                    "references": [
                      "aws_internet_gateway.this[0]"
                    ]
                  },
                  "route_table_id": {
                    "references": [
                      "aws_route_table.public[0]"
                    ]
                  }
                },
                "schema_version": 0,
                "count_expression": {
                  "references": [
                    "var.create_vpc",
                    "var.create_igw",
                    "var.enable_ipv6",
                    "var.public_subnets"
                  ]
                },
                "raw_data": {
                  "FileName": ".terraform/modules/vpc/main.tf",
                  "StartLine": 229,
                  "EndLine": 235
                }
              },
              {
                "address": "aws_route_table.database",
                "mode": "managed",
                "type": "aws_route_table",
                "name": "database",
                "provider_config_key": "vpc:aws",
                "expressions": {
                  "tags": {
                    "references": [
                      "var.single_nat_gateway",
                      "var.create_database_internet_gateway_route",
                      "var.name",
                      "var.database_subnet_suffix",
                      "var.database_subnet_suffix",
                      "var.name",
                      "var.azs",
                      "count.index",
                      "var.tags",
                      "var.database_route_table_tags"
                    ]
                  },
                  "vpc_id": {
                    "references": [
                      "local.vpc_id"
                    ]
                  }
                },
                "schema_version": 0,
                "count_expression": {
                  "references": [
                    "var.create_vpc",
                    "var.create_database_subnet_route_table",
                    "var.database_subnets",
                    "var.single_nat_gateway",
                    "var.create_database_internet_gateway_route",
                    "var.database_subnets"
                  ]
                },
                "raw_data": {
                  "FileName": ".terraform/modules/vpc/main.tf",
                  "StartLine": 262,
                  "EndLine": 278
                }
              },
              {
                "address": "aws_route_table.elasticache",
                "mode": "managed",
                "type": "aws_route_table",
                "name": "elasticache",
                "provider_config_key": "vpc:aws",
                "expressions": {
                  "tags": {
                    "references": [
                      "var.name",
                      "var.elasticache_subnet_suffix",
                      "var.tags",
                      "var.elasticache_route_table_tags"
                    ]
                  },
                  "vpc_id": {
                    "references": [
                      "local.vpc_id"
                    ]
                  }
                },
                "schema_version": 0,
                "count_expression": {
                  "references": [
                    "var.create_vpc",
                    "var.create_elasticache_subnet_route_table",
                    "var.elasticache_subnets"
                  ]
                },
                "raw_data": {
                  "FileName": ".terraform/modules/vpc/main.tf",
                  "StartLine": 336,
                  "EndLine": 348
                }
              },
              {
                "address": "aws_route_table.intra",
                "mode": "managed",
                "type": "aws_route_table",
                "name": "intra",
                "provider_config_key": "vpc:aws",
                "expressions": {
                  "tags": {
                    "references": [
                      "var.name",
                      "var.intra_subnet_suffix",
                      "var.tags",
                      "var.intra_route_table_tags"
                    ]
                  },
                  "vpc_id": {
                    "references": [
                      "local.vpc_id"
                    ]
                  }
                },
                "schema_version": 0,
                "count_expression": {
                  "references": [
                    "var.create_vpc",
                    "var.intra_subnets"
                  ]
                },
                "raw_data": {
                  "FileName": ".terraform/modules/vpc/main.tf",
                  "StartLine": 353,
                  "EndLine": 365
                }
              },
              {
                "address": "aws_route_table.private",
                "mode": "managed",
                "type": "aws_route_table",
                "name": "private",
                "provider_config_key": "vpc:aws",
                "expressions": {
                  "tags": {
                    "references": [
                      "var.single_nat_gateway",
                      "var.name",
                      "var.private_subnet_suffix",
                      "var.private_subnet_suffix",
                      "var.name",
                      "var.azs",
                      "count.index",
                      "var.tags",
                      "var.private_route_table_tags"
                    ]
                  },
                  "vpc_id": {
                    "references": [
                      "local.vpc_id"
                    ]
                  }
                },
                "schema_version": 0,
                "count_expression": {
                  "references": [
                    "var.create_vpc",
                    "local.max_subnet_length",
                    "local.nat_gateway_count"
                  ]
                },
                "raw_data": {
                  "FileName": ".terraform/modules/vpc/main.tf",
                  "StartLine": 241,
                  "EndLine": 257
                }
              },
              {
                "address": "aws_route_table.public",
                "mode": "managed",
                "type": "aws_route_table",
                "name": "public",
                "provider_config_key": "vpc:aws",
                "expressions": {
                  "tags": {
                    "references": [
                      "var.public_subnet_suffix",
                      "var.name",
                      "var.tags",
                      "var.public_route_table_tags"
                    ]
                  },
                  "vpc_id": {
                    "references": [
                      "local.vpc_id"
                    ]
                  }
                },
                "schema_version": 0,
                "count_expression": {
                  "references": [
                    "var.create_vpc",
                    "var.public_subnets"
                  ]
                },
                "raw_data": {
                  "FileName": ".terraform/modules/vpc/main.tf",
                  "StartLine": 203,
                  "EndLine": 215
                }
              },
              {
                "address": "aws_route_table.redshift",
                "mode": "managed",
                "type": "aws_route_table",
                "name": "redshift",
                "provider_config_key": "vpc:aws",
                "expressions": {
                  "tags": {
                    "references": [
                      "var.name",
                      "var.redshift_subnet_suffix",
                      "var.tags",
                      "var.redshift_route_table_tags"
                    ]
                  },
                  "vpc_id": {
                    "references": [
                      "local.vpc_id"
                    ]
                  }
                },
                "schema_version": 0,
                "count_expression": {
                  "references": [
                    "var.create_vpc",
                    "var.create_redshift_subnet_route_table",
                    "var.redshift_subnets"
                  ]
                },
                "raw_data": {
                  "FileName": ".terraform/modules/vpc/main.tf",
                  "StartLine": 319,
                  "EndLine": 331
                }
              },
              {
                "address": "aws_route_table_association.database",
                "mode": "managed",
                "type": "aws_route_table_association",
                "name": "database",
                "provider_config_key": "vpc:aws",
                "expressions": {
                  "route_table_id": {
                    "references": [
                      "aws_route_table.database",
                      "aws_route_table.private",
                      "var.create_database_subnet_route_table",
                      "var.single_nat_gateway",
                      "var.create_database_internet_gateway_route",
                      "count.index",
                      "count.index"
                    ]
                  },
                  "subnet_id": {
                    "references": [
                      "aws_subnet.database",
                      "count.index"
                    ]
                  }
                },
                "schema_version": 0,
                "count_expression": {
                  "references": [
                    "var.create_vpc",
                    "var.database_subnets",
                    "var.database_subnets"
                  ]
                },
                "raw_data": {
                  "FileName": ".terraform/modules/vpc/main.tf",
                  "StartLine": 1045,
                  "EndLine": 1053
                }
              },
              {
                "address": "aws_route_table_association.elasticache",
                "mode": "managed",
                "type": "aws_route_table_association",
                "name": "elasticache",
                "provider_config_key": "vpc:aws",
                "expressions": {
                  "route_table_id": {
                    "references": [
                      "aws_route_table.elasticache",
                      "aws_route_table.private",
                      "var.single_nat_gateway",
                      "var.create_elasticache_subnet_route_table",
                      "count.index"
                    ]
                  },
                  "subnet_id": {
                    "references": [
                      "aws_subnet.elasticache",
                      "count.index"
                    ]
                  }
                },
                "schema_version": 0,
                "count_expression": {
                  "references": [
                    "var.create_vpc",
                    "var.elasticache_subnets",
                    "var.elasticache_subnets"
                  ]
                },
                "raw_data": {
                  "FileName": ".terraform/modules/vpc/main.tf",
                  "StartLine": 1075,
                  "EndLine": 1086
                }
              },
              {
                "address": "aws_route_table_association.intra",
                "mode": "managed",
                "type": "aws_route_table_association",
                "name": "intra",
                "provider_config_key": "vpc:aws",
                "expressions": {
                  "route_table_id": {
                    "references": [
                      "aws_route_table.intra"
                    ]
                  },
                  "subnet_id": {
                    "references": [
                      "aws_subnet.intra",
                      "count.index"
                    ]
                  }
                },
                "schema_version": 0,
                "count_expression": {
                  "references": [
                    "var.create_vpc",
                    "var.intra_subnets",
                    "var.intra_subnets"
                  ]
                },
                "raw_data": {
                  "FileName": ".terraform/modules/vpc/main.tf",
                  "StartLine": 1088,
                  "EndLine": 1093
                }
              },
              {
                "address": "aws_route_table_association.private",
                "mode": "managed",
                "type": "aws_route_table_association",
                "name": "private",
                "provider_config_key": "vpc:aws",
                "expressions": {
                  "route_table_id": {
                    "references": [
                      "aws_route_table.private",
                      "var.single_nat_gateway",
                      "count.index"
                    ]
                  },
                  "subnet_id": {
                    "references": [
                      "aws_subnet.private",
                      "count.index"
                    ]
                  }
                },
                "schema_version": 0,
                "count_expression": {
                  "references": [
                    "var.create_vpc",
                    "var.private_subnets",
                    "var.private_subnets"
                  ]
                },
                "raw_data": {
                  "FileName": ".terraform/modules/vpc/main.tf",
                  "StartLine": 1035,
                  "EndLine": 1043
                }
              },
              {
                "address": "aws_route_table_association.public",
                "mode": "managed",
                "type": "aws_route_table_association",
                "name": "public",
                "provider_config_key": "vpc:aws",
                "expressions": {
                  "route_table_id": {
                    "references": [
                      "aws_route_table.public[0]"
                    ]
                  },
                  "subnet_id": {
                    "references": [
                      "aws_subnet.public",
                      "count.index"
                    ]
                  }
                },
                "schema_version": 0,
                "count_expression": {
                  "references": [
                    "var.create_vpc",
                    "var.public_subnets",
                    "var.public_subnets"
                  ]
                },
                "raw_data": {
                  "FileName": ".terraform/modules/vpc/main.tf",
                  "StartLine": 1095,
                  "EndLine": 1100
                }
              },
              {
                "address": "aws_route_table_association.redshift",
                "mode": "managed",
                "type": "aws_route_table_association",
                "name": "redshift",
                "provider_config_key": "vpc:aws",
                "expressions": {
                  "route_table_id": {
                    "references": [
                      "aws_route_table.redshift",
                      "aws_route_table.private",
                      "var.single_nat_gateway",
                      "var.create_redshift_subnet_route_table",
                      "count.index"
                    ]
                  },
                  "subnet_id": {
                    "references": [
                      "aws_subnet.redshift",
                      "count.index"
                    ]
                  }
                },
                "schema_version": 0,
                "count_expression": {
                  "references": [
                    "var.create_vpc",
                    "var.redshift_subnets",
                    "var.enable_public_redshift",
                    "var.redshift_subnets"
                  ]
                },
                "raw_data": {
                  "FileName": ".terraform/modules/vpc/main.tf",
                  "StartLine": 1055,
                  "EndLine": 1063
                }
              },
              {
                "address": "aws_route_table_association.redshift_public",
                "mode": "managed",
                "type": "aws_route_table_association",
                "name": "redshift_public",
                "provider_config_key": "vpc:aws",
                "expressions": {
                  "route_table_id": {
                    "references": [
                      "aws_route_table.redshift",
                      "aws_route_table.public",
                      "var.single_nat_gateway",
                      "var.create_redshift_subnet_route_table",
                      "count.index"
                    ]
                  },
                  "subnet_id": {
                    "references": [
                      "aws_subnet.redshift",
                      "count.index"
                    ]
                  }
                },
                "schema_version": 0,
                "count_expression": {
                  "references": [
                    "var.create_vpc",
                    "var.redshift_subnets",
                    "var.enable_public_redshift",
                    "var.redshift_subnets"
                  ]
                },
                "raw_data": {
                  "FileName": ".terraform/modules/vpc/main.tf",
                  "StartLine": 1065,
                  "EndLine": 1073
                }
              },
              {
                "address": "aws_subnet.database",
                "mode": "managed",
                "type": "aws_subnet",
                "name": "database",
                "provider_config_key": "vpc:aws",
                "expressions": {
                  "assign_ipv6_address_on_creation": {
                    "references": [
                      "var.database_subnet_assign_ipv6_address_on_creation",
                      "var.assign_ipv6_address_on_creation",
                      "var.database_subnet_assign_ipv6_address_on_creation"
                    ]
                  },
                  "availability_zone": {
                    "references": [
                      "var.azs",
                      "count.index",
                      "var.azs",
                      "count.index"
                    ]
                  },
                  "availability_zone_id": {
                    "references": [
                      "var.azs",
                      "count.index",
                      "var.azs",
                      "count.index"
                    ]
                  },
                  "cidr_block": {
                    "references": [
                      "var.database_subnets",
                      "count.index"
                    ]
                  },
                  "ipv6_cidr_block": {
                    "references": [
                      "var.enable_ipv6",
                      "var.database_subnet_ipv6_prefixes",
                      "aws_vpc.this[0]",
                      "var.database_subnet_ipv6_prefixes",
                      "count.index"
                    ]
                  },
                  "tags": {
                    "references": [
                      "var.database_subnet_suffix",
                      "var.name",
                      "var.azs",
                      "count.index",
                      "var.tags",
                      "var.database_subnet_tags"
                    ]
                  },
                  "vpc_id": {
                    "references": [
                      "local.vpc_id"
                    ]
                  }
                },
                "schema_version": 1,
                "count_expression": {
                  "references": [
                    "var.create_vpc",
                    "var.database_subnets",
                    "var.database_subnets"
                  ]
                },
                "raw_data": {
                  "FileName": ".terraform/modules/vpc/main.tf",
                  "StartLine": 425,
                  "EndLine": 447
                }
              },
              {
                "address": "aws_subnet.elasticache",
                "mode": "managed",
                "type": "aws_subnet",
                "name": "elasticache",
                "provider_config_key": "vpc:aws",
                "expressions": {
                  "assign_ipv6_address_on_creation": {
                    "references": [
                      "var.elasticache_subnet_assign_ipv6_address_on_creation",
                      "var.assign_ipv6_address_on_creation",
                      "var.elasticache_subnet_assign_ipv6_address_on_creation"
                    ]
                  },
                  "availability_zone": {
                    "references": [
                      "var.azs",
                      "count.index",
                      "var.azs",
                      "count.index"
                    ]
                  },
                  "availability_zone_id": {
                    "references": [
                      "var.azs",
                      "count.index",
                      "var.azs",
                      "count.index"
                    ]
                  },
                  "cidr_block": {
                    "references": [
                      "var.elasticache_subnets",
                      "count.index"
                    ]
                  },
                  "ipv6_cidr_block": {
                    "references": [
                      "var.enable_ipv6",
                      "var.elasticache_subnet_ipv6_prefixes",
                      "aws_vpc.this[0]",
                      "var.elasticache_subnet_ipv6_prefixes",
                      "count.index"
                    ]
                  },
                  "tags": {
                    "references": [
                      "var.elasticache_subnet_suffix",
                      "var.name",
                      "var.azs",
                      "count.index",
                      "var.tags",
                      "var.elasticache_subnet_tags"
                    ]
                  },
                  "vpc_id": {
                    "references": [
                      "local.vpc_id"
                    ]
                  }
                },
                "schema_version": 1,
                "count_expression": {
                  "references": [
                    "var.create_vpc",
                    "var.elasticache_subnets",
                    "var.elasticache_subnets"
                  ]
                },
                "raw_data": {
                  "FileName": ".terraform/modules/vpc/main.tf",
                  "StartLine": 511,
                  "EndLine": 533
                }
              },
              {
                "address": "aws_subnet.intra",
                "mode": "managed",
                "type": "aws_subnet",
                "name": "intra",
                "provider_config_key": "vpc:aws",
                "expressions": {
                  "assign_ipv6_address_on_creation": {
                    "references": [
                      "var.intra_subnet_assign_ipv6_address_on_creation",
                      "var.assign_ipv6_address_on_creation",
                      "var.intra_subnet_assign_ipv6_address_on_creation"
                    ]
                  },
                  "availability_zone": {
                    "references": [
                      "var.azs",
                      "count.index",
                      "var.azs",
                      "count.index"
                    ]
                  },
                  "availability_zone_id": {
                    "references": [
                      "var.azs",
                      "count.index",
                      "var.azs",
                      "count.index"
                    ]
                  },
                  "cidr_block": {
                    "references": [
                      "var.intra_subnets",
                      "count.index"
                    ]
                  },
                  "ipv6_cidr_block": {
                    "references": [
                      "var.enable_ipv6",
                      "var.intra_subnet_ipv6_prefixes",
                      "aws_vpc.this[0]",
                      "var.intra_subnet_ipv6_prefixes",
                      "count.index"
                    ]
                  },
                  "tags": {
                    "references": [
                      "var.intra_subnet_suffix",
                      "var.name",
                      "var.azs",
                      "count.index",
                      "var.tags",
                      "var.intra_subnet_tags"
                    ]
                  },
                  "vpc_id": {
                    "references": [
                      "local.vpc_id"
                    ]
                  }
                },
                "schema_version": 1,
                "count_expression": {
                  "references": [
                    "var.create_vpc",
                    "var.intra_subnets",
                    "var.intra_subnets"
                  ]
                },
                "raw_data": {
                  "FileName": ".terraform/modules/vpc/main.tf",
                  "StartLine": 546,
                  "EndLine": 568
                }
              },
              {
                "address": "aws_subnet.private",
                "mode": "managed",
                "type": "aws_subnet",
                "name": "private",
                "provider_config_key": "vpc:aws",
                "expressions": {
                  "assign_ipv6_address_on_creation": {
                    "references": [
                      "var.private_subnet_assign_ipv6_address_on_creation",
                      "var.assign_ipv6_address_on_creation",
                      "var.private_subnet_assign_ipv6_address_on_creation"
                    ]
                  },
                  "availability_zone": {
                    "references": [
                      "var.azs",
                      "count.index",
                      "var.azs",
                      "count.index"
                    ]
                  },
                  "availability_zone_id": {
                    "references": [
                      "var.azs",
                      "count.index",
                      "var.azs",
                      "count.index"
                    ]
                  },
                  "cidr_block": {
                    "references": [
                      "var.private_subnets",
                      "count.index"
                    ]
                  },
                  "ipv6_cidr_block": {
                    "references": [
                      "var.enable_ipv6",
                      "var.private_subnet_ipv6_prefixes",
                      "aws_vpc.this[0]",
                      "var.private_subnet_ipv6_prefixes",
                      "count.index"
                    ]
                  },
                  "tags": {
                    "references": [
                      "var.private_subnet_suffix",
                      "var.name",
                      "var.azs",
                      "count.index",
                      "var.tags",
                      "var.private_subnet_tags"
                    ]
                  },
                  "vpc_id": {
                    "references": [
                      "local.vpc_id"
                    ]
                  }
                },
                "schema_version": 1,
                "count_expression": {
                  "references": [
                    "var.create_vpc",
                    "var.private_subnets",
                    "var.private_subnets"
                  ]
                },
                "raw_data": {
                  "FileName": ".terraform/modules/vpc/main.tf",
                  "StartLine": 398,
                  "EndLine": 420
                }
              },
              {
                "address": "aws_subnet.public",
                "mode": "managed",
                "type": "aws_subnet",
                "name": "public",
                "provider_config_key": "vpc:aws",
                "expressions": {
                  "assign_ipv6_address_on_creation": {
                    "references": [
                      "var.public_subnet_assign_ipv6_address_on_creation",
                      "var.assign_ipv6_address_on_creation",
                      "var.public_subnet_assign_ipv6_address_on_creation"
                    ]
                  },
                  "availability_zone": {
                    "references": [
                      "var.azs",
                      "count.index",
                      "var.azs",
                      "count.index"
                    ]
                  },
                  "availability_zone_id": {
                    "references": [
                      "var.azs",
                      "count.index",
                      "var.azs",
                      "count.index"
                    ]
                  },
                  "cidr_block": {
                    "references": [
                      "var.public_subnets",
                      "count.index"
                    ]
                  },
                  "ipv6_cidr_block": {
                    "references": [
                      "var.enable_ipv6",
                      "var.public_subnet_ipv6_prefixes",
                      "aws_vpc.this[0]",
                      "var.public_subnet_ipv6_prefixes",
                      "count.index"
                    ]
                  },
                  "map_public_ip_on_launch": {
                    "references": [
                      "var.map_public_ip_on_launch"
                    ]
                  },
                  "tags": {
                    "references": [
                      "var.public_subnet_suffix",
                      "var.name",
                      "var.azs",
                      "count.index",
                      "var.tags",
                      "var.public_subnet_tags"
                    ]
                  },
                  "vpc_id": {
                    "references": [
                      "local.vpc_id"
                    ]
                  }
                },
                "schema_version": 1,
                "count_expression": {
                  "references": [
                    "var.create_vpc",
                    "var.public_subnets",
                    "var.one_nat_gateway_per_az",
                    "var.public_subnets",
                    "var.azs",
                    "var.public_subnets"
                  ]
                },
                "raw_data": {
                  "FileName": ".terraform/modules/vpc/main.tf",
                  "StartLine": 370,
                  "EndLine": 393
                }
              },
              {
                "address": "aws_subnet.redshift",
                "mode": "managed",
                "type": "aws_subnet",
                "name": "redshift",
                "provider_config_key": "vpc:aws",
                "expressions": {
                  "assign_ipv6_address_on_creation": {
                    "references": [
                      "var.redshift_subnet_assign_ipv6_address_on_creation",
                      "var.assign_ipv6_address_on_creation",
                      "var.redshift_subnet_assign_ipv6_address_on_creation"
                    ]
                  },
                  "availability_zone": {
                    "references": [
                      "var.azs",
                      "count.index",
                      "var.azs",
                      "count.index"
                    ]
                  },
                  "availability_zone_id": {
                    "references": [
                      "var.azs",
                      "count.index",
                      "var.azs",
                      "count.index"
                    ]
                  },
                  "cidr_block": {
                    "references": [
                      "var.redshift_subnets",
                      "count.index"
                    ]
                  },
                  "ipv6_cidr_block": {
                    "references": [
                      "var.enable_ipv6",
                      "var.redshift_subnet_ipv6_prefixes",
                      "aws_vpc.this[0]",
                      "var.redshift_subnet_ipv6_prefixes",
                      "count.index"
                    ]
                  },
                  "tags": {
                    "references": [
                      "var.redshift_subnet_suffix",
                      "var.name",
                      "var.azs",
                      "count.index",
                      "var.tags",
                      "var.redshift_subnet_tags"
                    ]
                  },
                  "vpc_id": {
                    "references": [
                      "local.vpc_id"
                    ]
                  }
                },
                "schema_version": 1,
                "count_expression": {
                  "references": [
                    "var.create_vpc",
                    "var.redshift_subnets",
                    "var.redshift_subnets"
                  ]
                },
                "raw_data": {
                  "FileName": ".terraform/modules/vpc/main.tf",
                  "StartLine": 468,
                  "EndLine": 490
                }
              },
              {
                "address": "aws_vpc.this",
                "mode": "managed",
                "type": "aws_vpc",
                "name": "this",
                "provider_config_key": "vpc:aws",
                "expressions": {
                  "assign_generated_ipv6_cidr_block": {
                    "references": [
                      "var.enable_ipv6"
                    ]
                  },
                  "cidr_block": {
                    "references": [
                      "var.cidr"
                    ]
                  },
                  "enable_classiclink": {
                    "references": [
                      "var.enable_classiclink"
                    ]
                  },
                  "enable_classiclink_dns_support": {
                    "references": [
                      "var.enable_classiclink_dns_support"
                    ]
                  },
                  "enable_dns_hostnames": {
                    "references": [
                      "var.enable_dns_hostnames"
                    ]
                  },
                  "enable_dns_support": {
                    "references": [
                      "var.enable_dns_support"
                    ]
                  },
                  "instance_tenancy": {
                    "references": [
                      "var.instance_tenancy"
                    ]
                  },
                  "tags": {
                    "references": [
                      "var.name",
                      "var.tags",
                      "var.vpc_tags"
                    ]
                  }
                },
                "schema_version": 1,
                "count_expression": {
                  "references": [
                    "var.create_vpc"
                  ]
                },
                "raw_data": {
                  "FileName": ".terraform/modules/vpc/main.tf",
                  "StartLine": 29,
                  "EndLine": 47
                }
              },
              {
                "address": "aws_vpc_dhcp_options.this",
                "mode": "managed",
                "type": "aws_vpc_dhcp_options",
                "name": "this",
                "provider_config_key": "vpc:aws",
                "expressions": {
                  "domain_name": {
                    "references": [
                      "var.dhcp_options_domain_name"
                    ]
                  },
                  "domain_name_servers": {
                    "references": [
                      "var.dhcp_options_domain_name_servers"
                    ]
                  },
                  "netbios_name_servers": {
                    "references": [
                      "var.dhcp_options_netbios_name_servers"
                    ]
                  },
                  "netbios_node_type": {
                    "references": [
                      "var.dhcp_options_netbios_node_type"
                    ]
                  },
                  "ntp_servers": {
                    "references": [
                      "var.dhcp_options_ntp_servers"
                    ]
                  },
                  "tags": {
                    "references": [
                      "var.name",
                      "var.tags",
                      "var.dhcp_options_tags"
                    ]
                  }
                },
                "schema_version": 0,
                "count_expression": {
                  "references": [
                    "var.create_vpc",
                    "var.enable_dhcp_options"
                  ]
                },
                "raw_data": {
                  "FileName": ".terraform/modules/vpc/main.tf",
                  "StartLine": 104,
                  "EndLine": 120
                }
              },
              {
                "address": "aws_vpc_dhcp_options_association.this",
                "mode": "managed",
                "type": "aws_vpc_dhcp_options_association",
                "name": "this",
                "provider_config_key": "vpc:aws",
                "expressions": {
                  "dhcp_options_id": {
                    "references": [
                      "aws_vpc_dhcp_options.this[0]"
                    ]
                  },
                  "vpc_id": {
                    "references": [
                      "local.vpc_id"
                    ]
                  }
                },
                "schema_version": 0,
                "count_expression": {
                  "references": [
                    "var.create_vpc",
                    "var.enable_dhcp_options"
                  ]
                },
                "raw_data": {
                  "FileName": ".terraform/modules/vpc/main.tf",
                  "StartLine": 125,
                  "EndLine": 130
                }
              },
              {
                "address": "aws_vpc_endpoint.access_analyzer",
                "mode": "managed",
                "type": "aws_vpc_endpoint",
                "name": "access_analyzer",
                "provider_config_key": "vpc:aws",
                "expressions": {
                  "policy": {
                    "references": [
                      "var.access_analyzer_endpoint_policy"
                    ]
                  },
                  "private_dns_enabled": {
                    "references": [
                      "var.access_analyzer_endpoint_private_dns_enabled"
                    ]
                  },
                  "security_group_ids": {
                    "references": [
                      "var.access_analyzer_endpoint_security_group_ids"
                    ]
                  },
                  "service_name": {
                    "references": [
                      "data.aws_vpc_endpoint_service.access_analyzer[0]"
                    ]
                  },
                  "subnet_ids": {
                    "references": [
                      "var.access_analyzer_endpoint_subnet_ids",
                      "aws_subnet.private"
                    ]
                  },
                  "tags": {
                    "references": [
                      "local.vpce_tags"
                    ]
                  },
                  "vpc_endpoint_type": {
                    "constant_value": "Interface"
                  },
                  "vpc_id": {
                    "references": [
                      "local.vpc_id"
                    ]
                  }
                },
                "schema_version": 0,
                "count_expression": {
                  "references": [
                    "var.create_vpc",
                    "var.enable_access_analyzer_endpoint"
                  ]
                },
                "raw_data": {
                  "FileName": ".terraform/modules/vpc/vpc-endpoints.tf",
                  "StartLine": 1177,
                  "EndLine": 1189
                }
              },
              {
                "address": "aws_vpc_endpoint.acm_pca",
                "mode": "managed",
                "type": "aws_vpc_endpoint",
                "name": "acm_pca",
                "provider_config_key": "vpc:aws",
                "expressions": {
                  "policy": {
                    "references": [
                      "var.acm_pca_endpoint_policy"
                    ]
                  },
                  "private_dns_enabled": {
                    "references": [
                      "var.acm_pca_endpoint_private_dns_enabled"
                    ]
                  },
                  "security_group_ids": {
                    "references": [
                      "var.acm_pca_endpoint_security_group_ids"
                    ]
                  },
                  "service_name": {
                    "references": [
                      "data.aws_vpc_endpoint_service.acm_pca[0]"
                    ]
                  },
                  "subnet_ids": {
                    "references": [
                      "var.acm_pca_endpoint_subnet_ids",
                      "aws_subnet.private"
                    ]
                  },
                  "tags": {
                    "references": [
                      "local.vpce_tags"
                    ]
                  },
                  "vpc_endpoint_type": {
                    "constant_value": "Interface"
                  },
                  "vpc_id": {
                    "references": [
                      "local.vpc_id"
                    ]
                  }
                },
                "schema_version": 0,
                "count_expression": {
                  "references": [
                    "var.create_vpc",
                    "var.enable_acm_pca_endpoint"
                  ]
                },
                "raw_data": {
                  "FileName": ".terraform/modules/vpc/vpc-endpoints.tf",
                  "StartLine": 1401,
                  "EndLine": 1413
                }
              },
              {
                "address": "aws_vpc_endpoint.apigw",
                "mode": "managed",
                "type": "aws_vpc_endpoint",
                "name": "apigw",
                "provider_config_key": "vpc:aws",
                "expressions": {
                  "policy": {
                    "references": [
                      "var.apigw_endpoint_policy"
                    ]
                  },
                  "private_dns_enabled": {
                    "references": [
                      "var.apigw_endpoint_private_dns_enabled"
                    ]
                  },
                  "security_group_ids": {
                    "references": [
                      "var.apigw_endpoint_security_group_ids"
                    ]
                  },
                  "service_name": {
                    "references": [
                      "data.aws_vpc_endpoint_service.apigw[0]"
                    ]
                  },
                  "subnet_ids": {
                    "references": [
                      "var.apigw_endpoint_subnet_ids",
                      "aws_subnet.private"
                    ]
                  },
                  "tags": {
                    "references": [
                      "local.vpce_tags"
                    ]
                  },
                  "vpc_endpoint_type": {
                    "constant_value": "Interface"
                  },
                  "vpc_id": {
                    "references": [
                      "local.vpc_id"
                    ]
                  }
                },
                "schema_version": 0,
                "count_expression": {
                  "references": [
                    "var.create_vpc",
                    "var.enable_apigw_endpoint"
                  ]
                },
                "raw_data": {
                  "FileName": ".terraform/modules/vpc/vpc-endpoints.tf",
                  "StartLine": 451,
                  "EndLine": 463
                }
              },
              {
                "address": "aws_vpc_endpoint.appmesh_envoy_management",
                "mode": "managed",
                "type": "aws_vpc_endpoint",
                "name": "appmesh_envoy_management",
                "provider_config_key": "vpc:aws",
                "expressions": {
                  "private_dns_enabled": {
                    "references": [
                      "var.appmesh_envoy_management_endpoint_private_dns_enabled"
                    ]
                  },
                  "security_group_ids": {
                    "references": [
                      "var.appmesh_envoy_management_endpoint_security_group_ids"
                    ]
                  },
                  "service_name": {
                    "references": [
                      "data.aws_vpc_endpoint_service.appmesh_envoy_management[0]"
                    ]
                  },
                  "subnet_ids": {
                    "references": [
                      "var.appmesh_envoy_management_endpoint_subnet_ids",
                      "aws_subnet.private"
                    ]
                  },
                  "tags": {
                    "references": [
                      "local.vpce_tags"
                    ]
                  },
                  "vpc_endpoint_type": {
                    "constant_value": "Interface"
                  },
                  "vpc_id": {
                    "references": [
                      "local.vpc_id"
                    ]
                  }
                },
                "schema_version": 0,
                "count_expression": {
                  "references": [
                    "var.create_vpc",
                    "var.enable_appmesh_envoy_management_endpoint"
                  ]
                },
                "raw_data": {
                  "FileName": ".terraform/modules/vpc/vpc-endpoints.tf",
                  "StartLine": 866,
                  "EndLine": 877
                }
              },
              {
                "address": "aws_vpc_endpoint.appstream_api",
                "mode": "managed",
                "type": "aws_vpc_endpoint",
                "name": "appstream_api",
                "provider_config_key": "vpc:aws",
                "expressions": {
                  "private_dns_enabled": {
                    "references": [
                      "var.appstream_api_endpoint_private_dns_enabled"
                    ]
                  },
                  "security_group_ids": {
                    "references": [
                      "var.appstream_api_endpoint_security_group_ids"
                    ]
                  },
                  "service_name": {
                    "references": [
                      "data.aws_vpc_endpoint_service.appstream_api[0]"
                    ]
                  },
                  "subnet_ids": {
                    "references": [
                      "var.appstream_api_endpoint_subnet_ids",
                      "aws_subnet.private"
                    ]
                  },
                  "tags": {
                    "references": [
                      "local.vpce_tags"
                    ]
                  },
                  "vpc_endpoint_type": {
                    "constant_value": "Interface"
                  },
                  "vpc_id": {
                    "references": [
                      "local.vpc_id"
                    ]
                  }
                },
                "schema_version": 0,
                "count_expression": {
                  "references": [
                    "var.create_vpc",
                    "var.enable_appstream_api_endpoint"
                  ]
                },
                "raw_data": {
                  "FileName": ".terraform/modules/vpc/vpc-endpoints.tf",
                  "StartLine": 995,
                  "EndLine": 1006
                }
              },
              {
                "address": "aws_vpc_endpoint.appstream_streaming",
                "mode": "managed",
                "type": "aws_vpc_endpoint",
                "name": "appstream_streaming",
                "provider_config_key": "vpc:aws",
                "expressions": {
                  "private_dns_enabled": {
                    "references": [
                      "var.appstream_streaming_endpoint_private_dns_enabled"
                    ]
                  },
                  "security_group_ids": {
                    "references": [
                      "var.appstream_streaming_endpoint_security_group_ids"
                    ]
                  },
                  "service_name": {
                    "references": [
                      "data.aws_vpc_endpoint_service.appstream_streaming[0]"
                    ]
                  },
                  "subnet_ids": {
                    "references": [
                      "var.appstream_streaming_endpoint_subnet_ids",
                      "aws_subnet.private"
                    ]
                  },
                  "tags": {
                    "references": [
                      "local.vpce_tags"
                    ]
                  },
                  "vpc_endpoint_type": {
                    "constant_value": "Interface"
                  },
                  "vpc_id": {
                    "references": [
                      "local.vpc_id"
                    ]
                  }
                },
                "schema_version": 0,
                "count_expression": {
                  "references": [
                    "var.create_vpc",
                    "var.enable_appstream_streaming_endpoint"
                  ]
                },
                "raw_data": {
                  "FileName": ".terraform/modules/vpc/vpc-endpoints.tf",
                  "StartLine": 1017,
                  "EndLine": 1028
                }
              },
              {
                "address": "aws_vpc_endpoint.athena",
                "mode": "managed",
                "type": "aws_vpc_endpoint",
                "name": "athena",
                "provider_config_key": "vpc:aws",
                "expressions": {
                  "policy": {
                    "references": [
                      "var.athena_endpoint_policy"
                    ]
                  },
                  "private_dns_enabled": {
                    "references": [
                      "var.athena_endpoint_private_dns_enabled"
                    ]
                  },
                  "security_group_ids": {
                    "references": [
                      "var.athena_endpoint_security_group_ids"
                    ]
                  },
                  "service_name": {
                    "references": [
                      "data.aws_vpc_endpoint_service.athena[0]"
                    ]
                  },
                  "subnet_ids": {
                    "references": [
                      "var.athena_endpoint_subnet_ids",
                      "aws_subnet.private"
                    ]
                  },
                  "tags": {
                    "references": [
                      "local.vpce_tags"
                    ]
                  },
                  "vpc_endpoint_type": {
                    "constant_value": "Interface"
                  },
                  "vpc_id": {
                    "references": [
                      "local.vpc_id"
                    ]
                  }
                },
                "schema_version": 0,
                "count_expression": {
                  "references": [
                    "var.create_vpc",
                    "var.enable_athena_endpoint"
                  ]
                },
                "raw_data": {
                  "FileName": ".terraform/modules/vpc/vpc-endpoints.tf",
                  "StartLine": 1039,
                  "EndLine": 1051
                }
              },
              {
                "address": "aws_vpc_endpoint.auto_scaling_plans",
                "mode": "managed",
                "type": "aws_vpc_endpoint",
                "name": "auto_scaling_plans",
                "provider_config_key": "vpc:aws",
                "expressions": {
                  "policy": {
                    "references": [
                      "var.auto_scaling_plans_endpoint_policy"
                    ]
                  },
                  "private_dns_enabled": {
                    "references": [
                      "var.auto_scaling_plans_endpoint_private_dns_enabled"
                    ]
                  },
                  "security_group_ids": {
                    "references": [
                      "var.auto_scaling_plans_endpoint_security_group_ids"
                    ]
                  },
                  "service_name": {
                    "references": [
                      "data.aws_vpc_endpoint_service.auto_scaling_plans[0]"
                    ]
                  },
                  "subnet_ids": {
                    "references": [
                      "var.auto_scaling_plans_endpoint_subnet_ids",
                      "aws_subnet.private"
                    ]
                  },
                  "tags": {
                    "references": [
                      "local.vpce_tags"
                    ]
                  },
                  "vpc_endpoint_type": {
                    "constant_value": "Interface"
                  },
                  "vpc_id": {
                    "references": [
                      "local.vpc_id"
                    ]
                  }
                },
                "schema_version": 0,
                "count_expression": {
                  "references": [
                    "var.create_vpc",
                    "var.enable_auto_scaling_plans_endpoint"
                  ]
                },
                "raw_data": {
                  "FileName": ".terraform/modules/vpc/vpc-endpoints.tf",
                  "StartLine": 1131,
                  "EndLine": 1143
                }
              },
              {
                "address": "aws_vpc_endpoint.cloud_directory",
                "mode": "managed",
                "type": "aws_vpc_endpoint",
                "name": "cloud_directory",
                "provider_config_key": "vpc:aws",
                "expressions": {
                  "policy": {
                    "references": [
                      "var.cloud_directory_endpoint_policy"
                    ]
                  },
                  "private_dns_enabled": {
                    "references": [
                      "var.cloud_directory_endpoint_private_dns_enabled"
                    ]
                  },
                  "security_group_ids": {
                    "references": [
                      "var.cloud_directory_endpoint_security_group_ids"
                    ]
                  },
                  "service_name": {
                    "references": [
                      "data.aws_vpc_endpoint_service.cloud_directory[0]"
                    ]
                  },
                  "subnet_ids": {
                    "references": [
                      "var.cloud_directory_endpoint_subnet_ids",
                      "aws_subnet.private"
                    ]
                  },
                  "tags": {
                    "references": [
                      "local.vpce_tags"
                    ]
                  },
                  "vpc_endpoint_type": {
                    "constant_value": "Interface"
                  },
                  "vpc_id": {
                    "references": [
                      "local.vpc_id"
                    ]
                  }
                },
                "schema_version": 0,
                "count_expression": {
                  "references": [
                    "var.create_vpc",
                    "var.enable_cloud_directory_endpoint"
                  ]
                },
                "raw_data": {
                  "FileName": ".terraform/modules/vpc/vpc-endpoints.tf",
                  "StartLine": 1108,
                  "EndLine": 1120
                }
              },
              {
                "address": "aws_vpc_endpoint.cloudformation",
                "mode": "managed",
                "type": "aws_vpc_endpoint",
                "name": "cloudformation",
                "provider_config_key": "vpc:aws",
                "expressions": {
                  "private_dns_enabled": {
                    "references": [
                      "var.cloudformation_endpoint_private_dns_enabled"
                    ]
                  },
                  "security_group_ids": {
                    "references": [
                      "var.cloudformation_endpoint_security_group_ids"
                    ]
                  },
                  "service_name": {
                    "references": [
                      "data.aws_vpc_endpoint_service.cloudformation[0]"
                    ]
                  },
                  "subnet_ids": {
                    "references": [
                      "var.cloudformation_endpoint_subnet_ids",
                      "aws_subnet.private"
                    ]
                  },
                  "tags": {
                    "references": [
                      "local.vpce_tags"
                    ]
                  },
                  "vpc_endpoint_type": {
                    "constant_value": "Interface"
                  },
                  "vpc_id": {
                    "references": [
                      "local.vpc_id"
                    ]
                  }
                },
                "schema_version": 0,
                "count_expression": {
                  "references": [
                    "var.create_vpc",
                    "var.enable_cloudformation_endpoint"
                  ]
                },
                "raw_data": {
                  "FileName": ".terraform/modules/vpc/vpc-endpoints.tf",
                  "StartLine": 824,
                  "EndLine": 835
                }
              },
              {
                "address": "aws_vpc_endpoint.cloudtrail",
                "mode": "managed",
                "type": "aws_vpc_endpoint",
                "name": "cloudtrail",
                "provider_config_key": "vpc:aws",
                "expressions": {
                  "private_dns_enabled": {
                    "references": [
                      "var.cloudtrail_endpoint_private_dns_enabled"
                    ]
                  },
                  "security_group_ids": {
                    "references": [
                      "var.cloudtrail_endpoint_security_group_ids"
                    ]
                  },
                  "service_name": {
                    "references": [
                      "data.aws_vpc_endpoint_service.cloudtrail[0]"
                    ]
                  },
                  "subnet_ids": {
                    "references": [
                      "var.cloudtrail_endpoint_subnet_ids",
                      "aws_subnet.private"
                    ]
                  },
                  "tags": {
                    "references": [
                      "local.vpce_tags"
                    ]
                  },
                  "vpc_endpoint_type": {
                    "constant_value": "Interface"
                  },
                  "vpc_id": {
                    "references": [
                      "local.vpc_id"
                    ]
                  }
                },
                "schema_version": 0,
                "count_expression": {
                  "references": [
                    "var.create_vpc",
                    "var.enable_cloudtrail_endpoint"
                  ]
                },
                "raw_data": {
                  "FileName": ".terraform/modules/vpc/vpc-endpoints.tf",
                  "StartLine": 686,
                  "EndLine": 697
                }
              },
              {
                "address": "aws_vpc_endpoint.codeartifact_api",
                "mode": "managed",
                "type": "aws_vpc_endpoint",
                "name": "codeartifact_api",
                "provider_config_key": "vpc:aws",
                "expressions": {
                  "private_dns_enabled": {
                    "references": [
                      "var.codeartifact_api_endpoint_private_dns_enabled"
                    ]
                  },
                  "security_group_ids": {
                    "references": [
                      "var.codeartifact_api_endpoint_security_group_ids"
                    ]
                  },
                  "service_name": {
                    "references": [
                      "data.aws_vpc_endpoint_service.codeartifact_api[0]"
                    ]
                  },
                  "subnet_ids": {
                    "references": [
                      "var.codeartifact_api_endpoint_subnet_ids",
                      "aws_subnet.private"
                    ]
                  },
                  "tags": {
                    "references": [
                      "local.vpce_tags"
                    ]
                  },
                  "vpc_endpoint_type": {
                    "constant_value": "Interface"
                  },
                  "vpc_id": {
                    "references": [
                      "local.vpc_id"
                    ]
                  }
                },
                "schema_version": 0,
                "count_expression": {
                  "references": [
                    "var.create_vpc",
                    "var.enable_codeartifact_api_endpoint"
                  ]
                },
                "raw_data": {
                  "FileName": ".terraform/modules/vpc/vpc-endpoints.tf",
                  "StartLine": 1534,
                  "EndLine": 1545
                }
              },
              {
                "address": "aws_vpc_endpoint.codeartifact_repositories",
                "mode": "managed",
                "type": "aws_vpc_endpoint",
                "name": "codeartifact_repositories",
                "provider_config_key": "vpc:aws",
                "expressions": {
                  "private_dns_enabled": {
                    "references": [
                      "var.codeartifact_repositories_endpoint_private_dns_enabled"
                    ]
                  },
                  "security_group_ids": {
                    "references": [
                      "var.codeartifact_repositories_endpoint_security_group_ids"
                    ]
                  },
                  "service_name": {
                    "references": [
                      "data.aws_vpc_endpoint_service.codeartifact_repositories[0]"
                    ]
                  },
                  "subnet_ids": {
                    "references": [
                      "var.codeartifact_repositories_endpoint_subnet_ids",
                      "aws_subnet.private"
                    ]
                  },
                  "tags": {
                    "references": [
                      "local.vpce_tags"
                    ]
                  },
                  "vpc_endpoint_type": {
                    "constant_value": "Interface"
                  },
                  "vpc_id": {
                    "references": [
                      "local.vpc_id"
                    ]
                  }
                },
                "schema_version": 0,
                "count_expression": {
                  "references": [
                    "var.create_vpc",
                    "var.enable_codeartifact_repositories_endpoint"
                  ]
                },
                "raw_data": {
                  "FileName": ".terraform/modules/vpc/vpc-endpoints.tf",
                  "StartLine": 1556,
                  "EndLine": 1567
                }
              },
              {
                "address": "aws_vpc_endpoint.codebuild",
                "mode": "managed",
                "type": "aws_vpc_endpoint",
                "name": "codebuild",
                "provider_config_key": "vpc:aws",
                "expressions": {
                  "policy": {
                    "references": [
                      "var.codebuild_endpoint_policy"
                    ]
                  },
                  "private_dns_enabled": {
                    "references": [
                      "var.codebuild_endpoint_private_dns_enabled"
                    ]
                  },
                  "security_group_ids": {
                    "references": [
                      "var.codebuild_endpoint_security_group_ids"
                    ]
                  },
                  "service_name": {
                    "references": [
                      "data.aws_vpc_endpoint_service.codebuild[0]"
                    ]
                  },
                  "subnet_ids": {
                    "references": [
                      "var.codebuild_endpoint_subnet_ids",
                      "aws_subnet.private"
                    ]
                  },
                  "tags": {
                    "references": [
                      "local.vpce_tags"
                    ]
                  },
                  "vpc_endpoint_type": {
                    "constant_value": "Interface"
                  },
                  "vpc_id": {
                    "references": [
                      "local.vpc_id"
                    ]
                  }
                },
                "schema_version": 0,
                "count_expression": {
                  "references": [
                    "var.create_vpc",
                    "var.enable_codebuild_endpoint"
                  ]
                },
                "raw_data": {
                  "FileName": ".terraform/modules/vpc/vpc-endpoints.tf",
                  "StartLine": 113,
                  "EndLine": 125
                }
              },
              {
                "address": "aws_vpc_endpoint.codecommit",
                "mode": "managed",
                "type": "aws_vpc_endpoint",
                "name": "codecommit",
                "provider_config_key": "vpc:aws",
                "expressions": {
                  "policy": {
                    "references": [
                      "var.codecommit_endpoint_policy"
                    ]
                  },
                  "private_dns_enabled": {
                    "references": [
                      "var.codecommit_endpoint_private_dns_enabled"
                    ]
                  },
                  "security_group_ids": {
                    "references": [
                      "var.codecommit_endpoint_security_group_ids"
                    ]
                  },
                  "service_name": {
                    "references": [
                      "data.aws_vpc_endpoint_service.codecommit[0]"
                    ]
                  },
                  "subnet_ids": {
                    "references": [
                      "var.codecommit_endpoint_subnet_ids",
                      "aws_subnet.private"
                    ]
                  },
                  "tags": {
                    "references": [
                      "local.vpce_tags"
                    ]
                  },
                  "vpc_endpoint_type": {
                    "constant_value": "Interface"
                  },
                  "vpc_id": {
                    "references": [
                      "local.vpc_id"
                    ]
                  }
                },
                "schema_version": 0,
                "count_expression": {
                  "references": [
                    "var.create_vpc",
                    "var.enable_codecommit_endpoint"
                  ]
                },
                "raw_data": {
                  "FileName": ".terraform/modules/vpc/vpc-endpoints.tf",
                  "StartLine": 136,
                  "EndLine": 148
                }
              },
              {
                "address": "aws_vpc_endpoint.codedeploy",
                "mode": "managed",
                "type": "aws_vpc_endpoint",
                "name": "codedeploy",
                "provider_config_key": "vpc:aws",
                "expressions": {
                  "private_dns_enabled": {
                    "references": [
                      "var.codedeploy_endpoint_private_dns_enabled"
                    ]
                  },
                  "security_group_ids": {
                    "references": [
                      "var.codedeploy_endpoint_security_group_ids"
                    ]
                  },
                  "service_name": {
                    "references": [
                      "data.aws_vpc_endpoint_service.codedeploy[0]"
                    ]
                  },
                  "subnet_ids": {
                    "references": [
                      "var.codedeploy_endpoint_subnet_ids",
                      "aws_subnet.private"
                    ]
                  },
                  "tags": {
                    "references": [
                      "local.vpce_tags"
                    ]
                  },
                  "vpc_endpoint_type": {
                    "constant_value": "Interface"
                  },
                  "vpc_id": {
                    "references": [
                      "local.vpc_id"
                    ]
                  }
                },
                "schema_version": 0,
                "count_expression": {
                  "references": [
                    "var.create_vpc",
                    "var.enable_codedeploy_endpoint"
                  ]
                },
                "raw_data": {
                  "FileName": ".terraform/modules/vpc/vpc-endpoints.tf",
                  "StartLine": 1468,
                  "EndLine": 1479
                }
              },
              {
                "address": "aws_vpc_endpoint.codedeploy_commands_secure",
                "mode": "managed",
                "type": "aws_vpc_endpoint",
                "name": "codedeploy_commands_secure",
                "provider_config_key": "vpc:aws",
                "expressions": {
                  "private_dns_enabled": {
                    "references": [
                      "var.codedeploy_commands_secure_endpoint_private_dns_enabled"
                    ]
                  },
                  "security_group_ids": {
                    "references": [
                      "var.codedeploy_commands_secure_endpoint_security_group_ids"
                    ]
                  },
                  "service_name": {
                    "references": [
                      "data.aws_vpc_endpoint_service.codedeploy_commands_secure[0]"
                    ]
                  },
                  "subnet_ids": {
                    "references": [
                      "var.codedeploy_commands_secure_endpoint_subnet_ids",
                      "aws_subnet.private"
                    ]
                  },
                  "tags": {
                    "references": [
                      "local.vpce_tags"
                    ]
                  },
                  "vpc_endpoint_type": {
                    "constant_value": "Interface"
                  },
                  "vpc_id": {
                    "references": [
                      "local.vpc_id"
                    ]
                  }
                },
                "schema_version": 0,
                "count_expression": {
                  "references": [
                    "var.create_vpc",
                    "var.enable_codedeploy_commands_secure_endpoint"
                  ]
                },
                "raw_data": {
                  "FileName": ".terraform/modules/vpc/vpc-endpoints.tf",
                  "StartLine": 1490,
                  "EndLine": 1501
                }
              },
              {
                "address": "aws_vpc_endpoint.codepipeline",
                "mode": "managed",
                "type": "aws_vpc_endpoint",
                "name": "codepipeline",
                "provider_config_key": "vpc:aws",
                "expressions": {
                  "private_dns_enabled": {
                    "references": [
                      "var.codepipeline_endpoint_private_dns_enabled"
                    ]
                  },
                  "security_group_ids": {
                    "references": [
                      "var.codepipeline_endpoint_security_group_ids"
                    ]
                  },
                  "service_name": {
                    "references": [
                      "data.aws_vpc_endpoint_service.codepipeline[0]"
                    ]
                  },
                  "subnet_ids": {
                    "references": [
                      "var.codepipeline_endpoint_subnet_ids",
                      "aws_subnet.private"
                    ]
                  },
                  "tags": {
                    "references": [
                      "local.vpce_tags"
                    ]
                  },
                  "vpc_endpoint_type": {
                    "constant_value": "Interface"
                  },
                  "vpc_id": {
                    "references": [
                      "local.vpc_id"
                    ]
                  }
                },
                "schema_version": 0,
                "count_expression": {
                  "references": [
                    "var.create_vpc",
                    "var.enable_codepipeline_endpoint"
                  ]
                },
                "raw_data": {
                  "FileName": ".terraform/modules/vpc/vpc-endpoints.tf",
                  "StartLine": 845,
                  "EndLine": 856
                }
              },
              {
                "address": "aws_vpc_endpoint.config",
                "mode": "managed",
                "type": "aws_vpc_endpoint",
                "name": "config",
                "provider_config_key": "vpc:aws",
                "expressions": {
                  "private_dns_enabled": {
                    "references": [
                      "var.config_endpoint_private_dns_enabled"
                    ]
                  },
                  "security_group_ids": {
                    "references": [
                      "var.config_endpoint_security_group_ids"
                    ]
                  },
                  "service_name": {
                    "references": [
                      "data.aws_vpc_endpoint_service.config[0]"
                    ]
                  },
                  "subnet_ids": {
                    "references": [
                      "var.config_endpoint_subnet_ids",
                      "aws_subnet.private"
                    ]
                  },
                  "tags": {
                    "references": [
                      "local.vpce_tags"
                    ]
                  },
                  "vpc_endpoint_type": {
                    "constant_value": "Interface"
                  },
                  "vpc_id": {
                    "references": [
                      "local.vpc_id"
                    ]
                  }
                },
                "schema_version": 0,
                "count_expression": {
                  "references": [
                    "var.create_vpc",
                    "var.enable_config_endpoint"
                  ]
                },
                "raw_data": {
                  "FileName": ".terraform/modules/vpc/vpc-endpoints.tf",
                  "StartLine": 181,
                  "EndLine": 192
                }
              },
              {
                "address": "aws_vpc_endpoint.datasync",
                "mode": "managed",
                "type": "aws_vpc_endpoint",
                "name": "datasync",
                "provider_config_key": "vpc:aws",
                "expressions": {
                  "private_dns_enabled": {
                    "references": [
                      "var.datasync_endpoint_private_dns_enabled"
                    ]
                  },
                  "security_group_ids": {
                    "references": [
                      "var.datasync_endpoint_security_group_ids"
                    ]
                  },
                  "service_name": {
                    "references": [
                      "data.aws_vpc_endpoint_service.datasync[0]"
                    ]
                  },
                  "subnet_ids": {
                    "references": [
                      "var.datasync_endpoint_subnet_ids",
                      "aws_subnet.private"
                    ]
                  },
                  "tags": {
                    "references": [
                      "local.vpce_tags"
                    ]
                  },
                  "vpc_endpoint_type": {
                    "constant_value": "Interface"
                  },
                  "vpc_id": {
                    "references": [
                      "local.vpc_id"
                    ]
                  }
                },
                "schema_version": 0,
                "count_expression": {
                  "references": [
                    "var.create_vpc",
                    "var.enable_datasync_endpoint"
                  ]
                },
                "raw_data": {
                  "FileName": ".terraform/modules/vpc/vpc-endpoints.tf",
                  "StartLine": 1222,
                  "EndLine": 1233
                }
              },
              {
                "address": "aws_vpc_endpoint.dms",
                "mode": "managed",
                "type": "aws_vpc_endpoint",
                "name": "dms",
                "provider_config_key": "vpc:aws",
                "expressions": {
                  "private_dns_enabled": {
                    "references": [
                      "var.dms_endpoint_private_dns_enabled"
                    ]
                  },
                  "security_group_ids": {
                    "references": [
                      "var.dms_endpoint_security_group_ids"
                    ]
                  },
                  "service_name": {
                    "references": [
                      "data.aws_vpc_endpoint_service.dms[0]"
                    ]
                  },
                  "subnet_ids": {
                    "references": [
                      "var.dms_endpoint_subnet_ids",
                      "aws_subnet.private"
                    ]
                  },
                  "tags": {
                    "references": [
                      "local.vpce_tags"
                    ]
                  },
                  "vpc_endpoint_type": {
                    "constant_value": "Interface"
                  },
                  "vpc_id": {
                    "references": [
                      "local.vpc_id"
                    ]
                  }
                },
                "schema_version": 0,
                "count_expression": {
                  "references": [
                    "var.create_vpc",
                    "var.enable_dms_endpoint"
                  ]
                },
                "raw_data": {
                  "FileName": ".terraform/modules/vpc/vpc-endpoints.tf",
                  "StartLine": 1579,
                  "EndLine": 1590
                }
              },
              {
                "address": "aws_vpc_endpoint.dynamodb",
                "mode": "managed",
                "type": "aws_vpc_endpoint",
                "name": "dynamodb",
                "provider_config_key": "vpc:aws",
                "expressions": {
                  "policy": {
                    "references": [
                      "var.dynamodb_endpoint_policy"
                    ]
                  },
                  "private_dns_enabled": {
                    "references": [
                      "var.dynamodb_endpoint_type",
                      "var.dynamodb_endpoint_private_dns_enabled"
                    ]
                  },
                  "security_group_ids": {
                    "references": [
                      "var.dynamodb_endpoint_type",
                      "var.dynamodb_endpoint_security_group_ids"
                    ]
                  },
                  "service_name": {
                    "references": [
                      "data.aws_vpc_endpoint_service.dynamodb[0]"
                    ]
                  },
                  "subnet_ids": {
                    "references": [
                      "var.dynamodb_endpoint_type",
                      "var.dynamodb_endpoint_subnet_ids",
                      "aws_subnet.private"
                    ]
                  },
                  "tags": {
                    "references": [
                      "local.vpce_tags"
                    ]
                  },
                  "vpc_endpoint_type": {
                    "references": [
                      "var.dynamodb_endpoint_type"
                    ]
                  },
                  "vpc_id": {
                    "references": [
                      "local.vpc_id"
                    ]
                  }
                },
                "schema_version": 0,
                "count_expression": {
                  "references": [
                    "var.create_vpc",
                    "var.enable_dynamodb_endpoint"
                  ]
                },
                "raw_data": {
                  "FileName": ".terraform/modules/vpc/vpc-endpoints.tf",
                  "StartLine": 67,
                  "EndLine": 80
                }
              },
              {
                "address": "aws_vpc_endpoint.ebs",
                "mode": "managed",
                "type": "aws_vpc_endpoint",
                "name": "ebs",
                "provider_config_key": "vpc:aws",
                "expressions": {
                  "private_dns_enabled": {
                    "references": [
                      "var.ebs_endpoint_private_dns_enabled"
                    ]
                  },
                  "security_group_ids": {
                    "references": [
                      "var.ebs_endpoint_security_group_ids"
                    ]
                  },
                  "service_name": {
                    "references": [
                      "data.aws_vpc_endpoint_service.ebs[0]"
                    ]
                  },
                  "subnet_ids": {
                    "references": [
                      "var.ebs_endpoint_subnet_ids",
                      "aws_subnet.private"
                    ]
                  },
                  "tags": {
                    "references": [
                      "local.vpce_tags"
                    ]
                  },
                  "vpc_endpoint_type": {
                    "constant_value": "Interface"
                  },
                  "vpc_id": {
                    "references": [
                      "local.vpc_id"
                    ]
                  }
                },
                "schema_version": 0,
                "count_expression": {
                  "references": [
                    "var.create_vpc",
                    "var.enable_ebs_endpoint"
                  ]
                },
                "raw_data": {
                  "FileName": ".terraform/modules/vpc/vpc-endpoints.tf",
                  "StartLine": 1200,
                  "EndLine": 1211
                }
              },
              {
                "address": "aws_vpc_endpoint.ec2",
                "mode": "managed",
                "type": "aws_vpc_endpoint",
                "name": "ec2",
                "provider_config_key": "vpc:aws",
                "expressions": {
                  "policy": {
                    "references": [
                      "var.ec2_endpoint_policy"
                    ]
                  },
                  "private_dns_enabled": {
                    "references": [
                      "var.ec2_endpoint_private_dns_enabled"
                    ]
                  },
                  "security_group_ids": {
                    "references": [
                      "var.ec2_endpoint_security_group_ids"
                    ]
                  },
                  "service_name": {
                    "references": [
                      "data.aws_vpc_endpoint_service.ec2[0]"
                    ]
                  },
                  "subnet_ids": {
                    "references": [
                      "var.ec2_endpoint_subnet_ids",
                      "aws_subnet.private"
                    ]
                  },
                  "tags": {
                    "references": [
                      "local.vpce_tags"
                    ]
                  },
                  "vpc_endpoint_type": {
                    "constant_value": "Interface"
                  },
                  "vpc_id": {
                    "references": [
                      "local.vpc_id"
                    ]
                  }
                },
                "schema_version": 0,
                "count_expression": {
                  "references": [
                    "var.create_vpc",
                    "var.enable_ec2_endpoint"
                  ]
                },
                "raw_data": {
                  "FileName": ".terraform/modules/vpc/vpc-endpoints.tf",
                  "StartLine": 314,
                  "EndLine": 326
                }
              },
              {
                "address": "aws_vpc_endpoint.ec2_autoscaling",
                "mode": "managed",
                "type": "aws_vpc_endpoint",
                "name": "ec2_autoscaling",
                "provider_config_key": "vpc:aws",
                "expressions": {
                  "policy": {
                    "references": [
                      "var.ec2_autoscaling_endpoint_policy"
                    ]
                  },
                  "private_dns_enabled": {
                    "references": [
                      "var.ec2_autoscaling_endpoint_private_dns_enabled"
                    ]
                  },
                  "security_group_ids": {
                    "references": [
                      "var.ec2_autoscaling_endpoint_security_group_ids"
                    ]
                  },
                  "service_name": {
                    "references": [
                      "data.aws_vpc_endpoint_service.ec2_autoscaling[0]"
                    ]
                  },
                  "subnet_ids": {
                    "references": [
                      "var.ec2_autoscaling_endpoint_subnet_ids",
                      "aws_subnet.private"
                    ]
                  },
                  "tags": {
                    "references": [
                      "local.vpce_tags"
                    ]
                  },
                  "vpc_endpoint_type": {
                    "constant_value": "Interface"
                  },
                  "vpc_id": {
                    "references": [
                      "local.vpc_id"
                    ]
                  }
                },
                "schema_version": 0,
                "count_expression": {
                  "references": [
                    "var.create_vpc",
                    "var.enable_ec2_autoscaling_endpoint"
                  ]
                },
                "raw_data": {
                  "FileName": ".terraform/modules/vpc/vpc-endpoints.tf",
                  "StartLine": 359,
                  "EndLine": 371
                }
              },
              {
                "address": "aws_vpc_endpoint.ec2messages",
                "mode": "managed",
                "type": "aws_vpc_endpoint",
                "name": "ec2messages",
                "provider_config_key": "vpc:aws",
                "expressions": {
                  "private_dns_enabled": {
                    "references": [
                      "var.ec2messages_endpoint_private_dns_enabled"
                    ]
                  },
                  "security_group_ids": {
                    "references": [
                      "var.ec2messages_endpoint_security_group_ids"
                    ]
                  },
                  "service_name": {
                    "references": [
                      "data.aws_vpc_endpoint_service.ec2messages[0]"
                    ]
                  },
                  "subnet_ids": {
                    "references": [
                      "var.ec2messages_endpoint_subnet_ids",
                      "aws_subnet.private"
                    ]
                  },
                  "tags": {
                    "references": [
                      "local.vpce_tags"
                    ]
                  },
                  "vpc_endpoint_type": {
                    "constant_value": "Interface"
                  },
                  "vpc_id": {
                    "references": [
                      "local.vpc_id"
                    ]
                  }
                },
                "schema_version": 0,
                "count_expression": {
                  "references": [
                    "var.create_vpc",
                    "var.enable_ec2messages_endpoint"
                  ]
                },
                "raw_data": {
                  "FileName": ".terraform/modules/vpc/vpc-endpoints.tf",
                  "StartLine": 337,
                  "EndLine": 348
                }
              },
              {
                "address": "aws_vpc_endpoint.ecr_api",
                "mode": "managed",
                "type": "aws_vpc_endpoint",
                "name": "ecr_api",
                "provider_config_key": "vpc:aws",
                "expressions": {
                  "policy": {
                    "references": [
                      "var.ecr_api_endpoint_policy"
                    ]
                  },
                  "private_dns_enabled": {
                    "references": [
                      "var.ecr_api_endpoint_private_dns_enabled"
                    ]
                  },
                  "security_group_ids": {
                    "references": [
                      "var.ecr_api_endpoint_security_group_ids"
                    ]
                  },
                  "service_name": {
                    "references": [
                      "data.aws_vpc_endpoint_service.ecr_api[0]"
                    ]
                  },
                  "subnet_ids": {
                    "references": [
                      "var.ecr_api_endpoint_subnet_ids",
                      "aws_subnet.private"
                    ]
                  },
                  "tags": {
                    "references": [
                      "local.vpce_tags"
                    ]
                  },
                  "vpc_endpoint_type": {
                    "constant_value": "Interface"
                  },
                  "vpc_id": {
                    "references": [
                      "local.vpc_id"
                    ]
                  }
                },
                "schema_version": 0,
                "count_expression": {
                  "references": [
                    "var.create_vpc",
                    "var.enable_ecr_api_endpoint"
                  ]
                },
                "raw_data": {
                  "FileName": ".terraform/modules/vpc/vpc-endpoints.tf",
                  "StartLine": 405,
                  "EndLine": 417
                }
              },
              {
                "address": "aws_vpc_endpoint.ecr_dkr",
                "mode": "managed",
                "type": "aws_vpc_endpoint",
                "name": "ecr_dkr",
                "provider_config_key": "vpc:aws",
                "expressions": {
                  "policy": {
                    "references": [
                      "var.ecr_dkr_endpoint_policy"
                    ]
                  },
                  "private_dns_enabled": {
                    "references": [
                      "var.ecr_dkr_endpoint_private_dns_enabled"
                    ]
                  },
                  "security_group_ids": {
                    "references": [
                      "var.ecr_dkr_endpoint_security_group_ids"
                    ]
                  },
                  "service_name": {
                    "references": [
                      "data.aws_vpc_endpoint_service.ecr_dkr[0]"
                    ]
                  },
                  "subnet_ids": {
                    "references": [
                      "var.ecr_dkr_endpoint_subnet_ids",
                      "aws_subnet.private"
                    ]
                  },
                  "tags": {
                    "references": [
                      "local.vpce_tags"
                    ]
                  },
                  "vpc_endpoint_type": {
                    "constant_value": "Interface"
                  },
                  "vpc_id": {
                    "references": [
                      "local.vpc_id"
                    ]
                  }
                },
                "schema_version": 0,
                "count_expression": {
                  "references": [
                    "var.create_vpc",
                    "var.enable_ecr_dkr_endpoint"
                  ]
                },
                "raw_data": {
                  "FileName": ".terraform/modules/vpc/vpc-endpoints.tf",
                  "StartLine": 428,
                  "EndLine": 440
                }
              },
              {
                "address": "aws_vpc_endpoint.ecs",
                "mode": "managed",
                "type": "aws_vpc_endpoint",
                "name": "ecs",
                "provider_config_key": "vpc:aws",
                "expressions": {
                  "private_dns_enabled": {
                    "references": [
                      "var.ecs_endpoint_private_dns_enabled"
                    ]
                  },
                  "security_group_ids": {
                    "references": [
                      "var.ecs_endpoint_security_group_ids"
                    ]
                  },
                  "service_name": {
                    "references": [
                      "data.aws_vpc_endpoint_service.ecs[0]"
                    ]
                  },
                  "subnet_ids": {
                    "references": [
                      "var.ecs_endpoint_subnet_ids",
                      "aws_subnet.private"
                    ]
                  },
                  "tags": {
                    "references": [
                      "local.vpce_tags"
                    ]
                  },
                  "vpc_endpoint_type": {
                    "constant_value": "Interface"
                  },
                  "vpc_id": {
                    "references": [
                      "local.vpc_id"
                    ]
                  }
                },
                "schema_version": 0,
                "count_expression": {
                  "references": [
                    "var.create_vpc",
                    "var.enable_ecs_endpoint"
                  ]
                },
                "raw_data": {
                  "FileName": ".terraform/modules/vpc/vpc-endpoints.tf",
                  "StartLine": 497,
                  "EndLine": 508
                }
              },
              {
                "address": "aws_vpc_endpoint.ecs_agent",
                "mode": "managed",
                "type": "aws_vpc_endpoint",
                "name": "ecs_agent",
                "provider_config_key": "vpc:aws",
                "expressions": {
                  "private_dns_enabled": {
                    "references": [
                      "var.ecs_agent_endpoint_private_dns_enabled"
                    ]
                  },
                  "security_group_ids": {
                    "references": [
                      "var.ecs_agent_endpoint_security_group_ids"
                    ]
                  },
                  "service_name": {
                    "references": [
                      "data.aws_vpc_endpoint_service.ecs_agent[0]"
                    ]
                  },
                  "subnet_ids": {
                    "references": [
                      "var.ecs_agent_endpoint_subnet_ids",
                      "aws_subnet.private"
                    ]
                  },
                  "tags": {
                    "references": [
                      "local.vpce_tags"
                    ]
                  },
                  "vpc_endpoint_type": {
                    "constant_value": "Interface"
                  },
                  "vpc_id": {
                    "references": [
                      "local.vpc_id"
                    ]
                  }
                },
                "schema_version": 0,
                "count_expression": {
                  "references": [
                    "var.create_vpc",
                    "var.enable_ecs_agent_endpoint"
                  ]
                },
                "raw_data": {
                  "FileName": ".terraform/modules/vpc/vpc-endpoints.tf",
                  "StartLine": 520,
                  "EndLine": 531
                }
              },
              {
                "address": "aws_vpc_endpoint.ecs_telemetry",
                "mode": "managed",
                "type": "aws_vpc_endpoint",
                "name": "ecs_telemetry",
                "provider_config_key": "vpc:aws",
                "expressions": {
                  "private_dns_enabled": {
                    "references": [
                      "var.ecs_telemetry_endpoint_private_dns_enabled"
                    ]
                  },
                  "security_group_ids": {
                    "references": [
                      "var.ecs_telemetry_endpoint_security_group_ids"
                    ]
                  },
                  "service_name": {
                    "references": [
                      "data.aws_vpc_endpoint_service.ecs_telemetry[0]"
                    ]
                  },
                  "subnet_ids": {
                    "references": [
                      "var.ecs_telemetry_endpoint_subnet_ids",
                      "aws_subnet.private"
                    ]
                  },
                  "tags": {
                    "references": [
                      "local.vpce_tags"
                    ]
                  },
                  "vpc_endpoint_type": {
                    "constant_value": "Interface"
                  },
                  "vpc_id": {
                    "references": [
                      "local.vpc_id"
                    ]
                  }
                },
                "schema_version": 0,
                "count_expression": {
                  "references": [
                    "var.create_vpc",
                    "var.enable_ecs_telemetry_endpoint"
                  ]
                },
                "raw_data": {
                  "FileName": ".terraform/modules/vpc/vpc-endpoints.tf",
                  "StartLine": 543,
                  "EndLine": 554
                }
              },
              {
                "address": "aws_vpc_endpoint.efs",
                "mode": "managed",
                "type": "aws_vpc_endpoint",
                "name": "efs",
                "provider_config_key": "vpc:aws",
                "expressions": {
                  "policy": {
                    "references": [
                      "var.efs_endpoint_policy"
                    ]
                  },
                  "private_dns_enabled": {
                    "references": [
                      "var.efs_endpoint_private_dns_enabled"
                    ]
                  },
                  "security_group_ids": {
                    "references": [
                      "var.efs_endpoint_security_group_ids"
                    ]
                  },
                  "service_name": {
                    "references": [
                      "data.aws_vpc_endpoint_service.efs[0]"
                    ]
                  },
                  "subnet_ids": {
                    "references": [
                      "var.efs_endpoint_subnet_ids",
                      "aws_subnet.private"
                    ]
                  },
                  "tags": {
                    "references": [
                      "local.vpce_tags"
                    ]
                  },
                  "vpc_endpoint_type": {
                    "constant_value": "Interface"
                  },
                  "vpc_id": {
                    "references": [
                      "local.vpc_id"
                    ]
                  }
                },
                "schema_version": 0,
                "count_expression": {
                  "references": [
                    "var.create_vpc",
                    "var.enable_efs_endpoint"
                  ]
                },
                "raw_data": {
                  "FileName": ".terraform/modules/vpc/vpc-endpoints.tf",
                  "StartLine": 1085,
                  "EndLine": 1097
                }
              },
              {
                "address": "aws_vpc_endpoint.elastic_inference_runtime",
                "mode": "managed",
                "type": "aws_vpc_endpoint",
                "name": "elastic_inference_runtime",
                "provider_config_key": "vpc:aws",
                "expressions": {
                  "private_dns_enabled": {
                    "references": [
                      "var.elastic_inference_runtime_endpoint_private_dns_enabled"
                    ]
                  },
                  "security_group_ids": {
                    "references": [
                      "var.elastic_inference_runtime_endpoint_security_group_ids"
                    ]
                  },
                  "service_name": {
                    "references": [
                      "data.aws_vpc_endpoint_service.elastic_inference_runtime[0]"
                    ]
                  },
                  "subnet_ids": {
                    "references": [
                      "var.elastic_inference_runtime_endpoint_subnet_ids",
                      "aws_subnet.private"
                    ]
                  },
                  "tags": {
                    "references": [
                      "local.vpce_tags"
                    ]
                  },
                  "vpc_endpoint_type": {
                    "constant_value": "Interface"
                  },
                  "vpc_id": {
                    "references": [
                      "local.vpc_id"
                    ]
                  }
                },
                "schema_version": 0,
                "count_expression": {
                  "references": [
                    "var.create_vpc",
                    "var.enable_elastic_inference_runtime_endpoint"
                  ]
                },
                "raw_data": {
                  "FileName": ".terraform/modules/vpc/vpc-endpoints.tf",
                  "StartLine": 1244,
                  "EndLine": 1255
                }
              },
              {
                "address": "aws_vpc_endpoint.elasticbeanstalk",
                "mode": "managed",
                "type": "aws_vpc_endpoint",
                "name": "elasticbeanstalk",
                "provider_config_key": "vpc:aws",
                "expressions": {
                  "policy": {
                    "references": [
                      "var.elasticbeanstalk_endpoint_policy"
                    ]
                  },
                  "private_dns_enabled": {
                    "references": [
                      "var.elasticbeanstalk_endpoint_private_dns_enabled"
                    ]
                  },
                  "security_group_ids": {
                    "references": [
                      "var.elasticbeanstalk_endpoint_security_group_ids"
                    ]
                  },
                  "service_name": {
                    "references": [
                      "data.aws_vpc_endpoint_service.elasticbeanstalk[0]"
                    ]
                  },
                  "subnet_ids": {
                    "references": [
                      "var.elasticbeanstalk_endpoint_subnet_ids",
                      "aws_subnet.private"
                    ]
                  },
                  "tags": {
                    "references": [
                      "local.vpce_tags"
                    ]
                  },
                  "vpc_endpoint_type": {
                    "constant_value": "Interface"
                  },
                  "vpc_id": {
                    "references": [
                      "local.vpc_id"
                    ]
                  }
                },
                "schema_version": 0,
                "count_expression": {
                  "references": [
                    "var.create_vpc",
                    "var.enable_elasticbeanstalk_endpoint"
                  ]
                },
                "raw_data": {
                  "FileName": ".terraform/modules/vpc/vpc-endpoints.tf",
                  "StartLine": 1356,
                  "EndLine": 1368
                }
              },
              {
                "address": "aws_vpc_endpoint.elasticbeanstalk_health",
                "mode": "managed",
                "type": "aws_vpc_endpoint",
                "name": "elasticbeanstalk_health",
                "provider_config_key": "vpc:aws",
                "expressions": {
                  "private_dns_enabled": {
                    "references": [
                      "var.elasticbeanstalk_health_endpoint_private_dns_enabled"
                    ]
                  },
                  "security_group_ids": {
                    "references": [
                      "var.elasticbeanstalk_health_endpoint_security_group_ids"
                    ]
                  },
                  "service_name": {
                    "references": [
                      "data.aws_vpc_endpoint_service.elasticbeanstalk_health[0]"
                    ]
                  },
                  "subnet_ids": {
                    "references": [
                      "var.elasticbeanstalk_health_endpoint_subnet_ids",
                      "aws_subnet.private"
                    ]
                  },
                  "tags": {
                    "references": [
                      "local.vpce_tags"
                    ]
                  },
                  "vpc_endpoint_type": {
                    "constant_value": "Interface"
                  },
                  "vpc_id": {
                    "references": [
                      "local.vpc_id"
                    ]
                  }
                },
                "schema_version": 0,
                "count_expression": {
                  "references": [
                    "var.create_vpc",
                    "var.enable_elasticbeanstalk_health_endpoint"
                  ]
                },
                "raw_data": {
                  "FileName": ".terraform/modules/vpc/vpc-endpoints.tf",
                  "StartLine": 1379,
                  "EndLine": 1390
                }
              },
              {
                "address": "aws_vpc_endpoint.elasticloadbalancing",
                "mode": "managed",
                "type": "aws_vpc_endpoint",
                "name": "elasticloadbalancing",
                "provider_config_key": "vpc:aws",
                "expressions": {
                  "policy": {
                    "references": [
                      "var.elasticloadbalancing_endpoint_policy"
                    ]
                  },
                  "private_dns_enabled": {
                    "references": [
                      "var.elasticloadbalancing_endpoint_private_dns_enabled"
                    ]
                  },
                  "security_group_ids": {
                    "references": [
                      "var.elasticloadbalancing_endpoint_security_group_ids"
                    ]
                  },
                  "service_name": {
                    "references": [
                      "data.aws_vpc_endpoint_service.elasticloadbalancing[0]"
                    ]
                  },
                  "subnet_ids": {
                    "references": [
                      "var.elasticloadbalancing_endpoint_subnet_ids",
                      "aws_subnet.private"
                    ]
                  },
                  "tags": {
                    "references": [
                      "local.vpce_tags"
                    ]
                  },
                  "vpc_endpoint_type": {
                    "constant_value": "Interface"
                  },
                  "vpc_id": {
                    "references": [
                      "local.vpc_id"
                    ]
                  }
                },
                "schema_version": 0,
                "count_expression": {
                  "references": [
                    "var.create_vpc",
                    "var.enable_elasticloadbalancing_endpoint"
                  ]
                },
                "raw_data": {
                  "FileName": ".terraform/modules/vpc/vpc-endpoints.tf",
                  "StartLine": 662,
                  "EndLine": 674
                }
              },
              {
                "address": "aws_vpc_endpoint.emr",
                "mode": "managed",
                "type": "aws_vpc_endpoint",
                "name": "emr",
                "provider_config_key": "vpc:aws",
                "expressions": {
                  "policy": {
                    "references": [
                      "var.emr_endpoint_policy"
                    ]
                  },
                  "private_dns_enabled": {
                    "references": [
                      "var.emr_endpoint_private_dns_enabled"
                    ]
                  },
                  "security_group_ids": {
                    "references": [
                      "var.emr_endpoint_security_group_ids"
                    ]
                  },
                  "service_name": {
                    "references": [
                      "data.aws_vpc_endpoint_service.emr[0]"
                    ]
                  },
                  "subnet_ids": {
                    "references": [
                      "var.emr_endpoint_subnet_ids",
                      "aws_subnet.private"
                    ]
                  },
                  "tags": {
                    "references": [
                      "local.vpce_tags"
                    ]
                  },
                  "vpc_endpoint_type": {
                    "constant_value": "Interface"
                  },
                  "vpc_id": {
                    "references": [
                      "local.vpc_id"
                    ]
                  }
                },
                "schema_version": 0,
                "count_expression": {
                  "references": [
                    "var.create_vpc",
                    "var.enable_emr_endpoint"
                  ]
                },
                "raw_data": {
                  "FileName": ".terraform/modules/vpc/vpc-endpoints.tf",
                  "StartLine": 1288,
                  "EndLine": 1300
                }
              },
              {
                "address": "aws_vpc_endpoint.events",
                "mode": "managed",
                "type": "aws_vpc_endpoint",
                "name": "events",
                "provider_config_key": "vpc:aws",
                "expressions": {
                  "policy": {
                    "references": [
                      "var.events_endpoint_policy"
                    ]
                  },
                  "private_dns_enabled": {
                    "references": [
                      "var.events_endpoint_private_dns_enabled"
                    ]
                  },
                  "security_group_ids": {
                    "references": [
                      "var.events_endpoint_security_group_ids"
                    ]
                  },
                  "service_name": {
                    "references": [
                      "data.aws_vpc_endpoint_service.events[0]"
                    ]
                  },
                  "subnet_ids": {
                    "references": [
                      "var.events_endpoint_subnet_ids",
                      "aws_subnet.private"
                    ]
                  },
                  "tags": {
                    "references": [
                      "local.vpce_tags"
                    ]
                  },
                  "vpc_endpoint_type": {
                    "constant_value": "Interface"
                  },
                  "vpc_id": {
                    "references": [
                      "local.vpc_id"
                    ]
                  }
                },
                "schema_version": 0,
                "count_expression": {
                  "references": [
                    "var.create_vpc",
                    "var.enable_events_endpoint"
                  ]
                },
                "raw_data": {
                  "FileName": ".terraform/modules/vpc/vpc-endpoints.tf",
                  "StartLine": 638,
                  "EndLine": 650
                }
              },
              {
                "address": "aws_vpc_endpoint.git_codecommit",
                "mode": "managed",
                "type": "aws_vpc_endpoint",
                "name": "git_codecommit",
                "provider_config_key": "vpc:aws",
                "expressions": {
                  "private_dns_enabled": {
                    "references": [
                      "var.git_codecommit_endpoint_private_dns_enabled"
                    ]
                  },
                  "security_group_ids": {
                    "references": [
                      "var.git_codecommit_endpoint_security_group_ids"
                    ]
                  },
                  "service_name": {
                    "references": [
                      "data.aws_vpc_endpoint_service.git_codecommit[0]"
                    ]
                  },
                  "subnet_ids": {
                    "references": [
                      "var.git_codecommit_endpoint_subnet_ids",
                      "aws_subnet.private"
                    ]
                  },
                  "tags": {
                    "references": [
                      "local.vpce_tags"
                    ]
                  },
                  "vpc_endpoint_type": {
                    "constant_value": "Interface"
                  },
                  "vpc_id": {
                    "references": [
                      "local.vpc_id"
                    ]
                  }
                },
                "schema_version": 0,
                "count_expression": {
                  "references": [
                    "var.create_vpc",
                    "var.enable_git_codecommit_endpoint"
                  ]
                },
                "raw_data": {
                  "FileName": ".terraform/modules/vpc/vpc-endpoints.tf",
                  "StartLine": 159,
                  "EndLine": 170
                }
              },
              {
                "address": "aws_vpc_endpoint.glue",
                "mode": "managed",
                "type": "aws_vpc_endpoint",
                "name": "glue",
                "provider_config_key": "vpc:aws",
                "expressions": {
                  "private_dns_enabled": {
                    "references": [
                      "var.glue_endpoint_private_dns_enabled"
                    ]
                  },
                  "security_group_ids": {
                    "references": [
                      "var.glue_endpoint_security_group_ids"
                    ]
                  },
                  "service_name": {
                    "references": [
                      "data.aws_vpc_endpoint_service.glue[0]"
                    ]
                  },
                  "subnet_ids": {
                    "references": [
                      "var.glue_endpoint_subnet_ids",
                      "aws_subnet.private"
                    ]
                  },
                  "tags": {
                    "references": [
                      "local.vpce_tags"
                    ]
                  },
                  "vpc_endpoint_type": {
                    "constant_value": "Interface"
                  },
                  "vpc_id": {
                    "references": [
                      "local.vpc_id"
                    ]
                  }
                },
                "schema_version": 0,
                "count_expression": {
                  "references": [
                    "var.create_vpc",
                    "var.enable_glue_endpoint"
                  ]
                },
                "raw_data": {
                  "FileName": ".terraform/modules/vpc/vpc-endpoints.tf",
                  "StartLine": 756,
                  "EndLine": 767
                }
              },
              {
                "address": "aws_vpc_endpoint.kinesis_firehose",
                "mode": "managed",
                "type": "aws_vpc_endpoint",
                "name": "kinesis_firehose",
                "provider_config_key": "vpc:aws",
                "expressions": {
                  "policy": {
                    "references": [
                      "var.kinesis_firehose_endpoint_policy"
                    ]
                  },
                  "private_dns_enabled": {
                    "references": [
                      "var.kinesis_firehose_endpoint_private_dns_enabled"
                    ]
                  },
                  "security_group_ids": {
                    "references": [
                      "var.kinesis_firehose_endpoint_security_group_ids"
                    ]
                  },
                  "service_name": {
                    "references": [
                      "data.aws_vpc_endpoint_service.kinesis_firehose[0]"
                    ]
                  },
                  "subnet_ids": {
                    "references": [
                      "var.kinesis_firehose_endpoint_subnet_ids",
                      "aws_subnet.private"
                    ]
                  },
                  "tags": {
                    "references": [
                      "local.vpce_tags"
                    ]
                  },
                  "vpc_endpoint_type": {
                    "constant_value": "Interface"
                  },
                  "vpc_id": {
                    "references": [
                      "local.vpc_id"
                    ]
                  }
                },
                "schema_version": 0,
                "count_expression": {
                  "references": [
                    "var.create_vpc",
                    "var.enable_kinesis_firehose_endpoint"
                  ]
                },
                "raw_data": {
                  "FileName": ".terraform/modules/vpc/vpc-endpoints.tf",
                  "StartLine": 733,
                  "EndLine": 745
                }
              },
              {
                "address": "aws_vpc_endpoint.kinesis_streams",
                "mode": "managed",
                "type": "aws_vpc_endpoint",
                "name": "kinesis_streams",
                "provider_config_key": "vpc:aws",
                "expressions": {
                  "policy": {
                    "references": [
                      "var.kinesis_streams_endpoint_policy"
                    ]
                  },
                  "private_dns_enabled": {
                    "references": [
                      "var.kinesis_streams_endpoint_private_dns_enabled"
                    ]
                  },
                  "security_group_ids": {
                    "references": [
                      "var.kinesis_streams_endpoint_security_group_ids"
                    ]
                  },
                  "service_name": {
                    "references": [
                      "data.aws_vpc_endpoint_service.kinesis_streams[0]"
                    ]
                  },
                  "subnet_ids": {
                    "references": [
                      "var.kinesis_streams_endpoint_subnet_ids",
                      "aws_subnet.private"
                    ]
                  },
                  "tags": {
                    "references": [
                      "local.vpce_tags"
                    ]
                  },
                  "vpc_endpoint_type": {
                    "constant_value": "Interface"
                  },
                  "vpc_id": {
                    "references": [
                      "local.vpc_id"
                    ]
                  }
                },
                "schema_version": 0,
                "count_expression": {
                  "references": [
                    "var.create_vpc",
                    "var.enable_kinesis_streams_endpoint"
                  ]
                },
                "raw_data": {
                  "FileName": ".terraform/modules/vpc/vpc-endpoints.tf",
                  "StartLine": 709,
                  "EndLine": 721
                }
              },
              {
                "address": "aws_vpc_endpoint.kms",
                "mode": "managed",
                "type": "aws_vpc_endpoint",
                "name": "kms",
                "provider_config_key": "vpc:aws",
                "expressions": {
                  "policy": {
                    "references": [
                      "var.kms_endpoint_policy"
                    ]
                  },
                  "private_dns_enabled": {
                    "references": [
                      "var.kms_endpoint_private_dns_enabled"
                    ]
                  },
                  "security_group_ids": {
                    "references": [
                      "var.kms_endpoint_security_group_ids"
                    ]
                  },
                  "service_name": {
                    "references": [
                      "data.aws_vpc_endpoint_service.kms[0]"
                    ]
                  },
                  "subnet_ids": {
                    "references": [
                      "var.kms_endpoint_subnet_ids",
                      "aws_subnet.private"
                    ]
                  },
                  "tags": {
                    "references": [
                      "local.vpce_tags"
                    ]
                  },
                  "vpc_endpoint_type": {
                    "constant_value": "Interface"
                  },
                  "vpc_id": {
                    "references": [
                      "local.vpc_id"
                    ]
                  }
                },
                "schema_version": 0,
                "count_expression": {
                  "references": [
                    "var.create_vpc",
                    "var.enable_kms_endpoint"
                  ]
                },
                "raw_data": {
                  "FileName": ".terraform/modules/vpc/vpc-endpoints.tf",
                  "StartLine": 474,
                  "EndLine": 486
                }
              },
              {
                "address": "aws_vpc_endpoint.lambda",
                "mode": "managed",
                "type": "aws_vpc_endpoint",
                "name": "lambda",
                "provider_config_key": "vpc:aws",
                "expressions": {
                  "private_dns_enabled": {
                    "references": [
                      "var.lambda_endpoint_private_dns_enabled"
                    ]
                  },
                  "security_group_ids": {
                    "references": [
                      "var.lambda_endpoint_security_group_ids"
                    ]
                  },
                  "service_name": {
                    "references": [
                      "data.aws_vpc_endpoint_service.lambda[0]"
                    ]
                  },
                  "subnet_ids": {
                    "references": [
                      "var.lambda_endpoint_subnet_ids",
                      "aws_subnet.private"
                    ]
                  },
                  "tags": {
                    "references": [
                      "local.vpce_tags"
                    ]
                  },
                  "vpc_endpoint_type": {
                    "constant_value": "Interface"
                  },
                  "vpc_id": {
                    "references": [
                      "local.vpc_id"
                    ]
                  }
                },
                "schema_version": 0,
                "count_expression": {
                  "references": [
                    "var.create_vpc",
                    "var.enable_lambda_endpoint"
                  ]
                },
                "raw_data": {
                  "FileName": ".terraform/modules/vpc/vpc-endpoints.tf",
                  "StartLine": 225,
                  "EndLine": 236
                }
              },
              {
                "address": "aws_vpc_endpoint.logs",
                "mode": "managed",
                "type": "aws_vpc_endpoint",
                "name": "logs",
                "provider_config_key": "vpc:aws",
                "expressions": {
                  "policy": {
                    "references": [
                      "var.logs_endpoint_policy"
                    ]
                  },
                  "private_dns_enabled": {
                    "references": [
                      "var.logs_endpoint_private_dns_enabled"
                    ]
                  },
                  "security_group_ids": {
                    "references": [
                      "var.logs_endpoint_security_group_ids"
                    ]
                  },
                  "service_name": {
                    "references": [
                      "data.aws_vpc_endpoint_service.logs[0]"
                    ]
                  },
                  "subnet_ids": {
                    "references": [
                      "var.logs_endpoint_subnet_ids",
                      "aws_subnet.private"
                    ]
                  },
                  "tags": {
                    "references": [
                      "local.vpce_tags"
                    ]
                  },
                  "vpc_endpoint_type": {
                    "constant_value": "Interface"
                  },
                  "vpc_id": {
                    "references": [
                      "local.vpc_id"
                    ]
                  }
                },
                "schema_version": 0,
                "count_expression": {
                  "references": [
                    "var.create_vpc",
                    "var.enable_logs_endpoint"
                  ]
                },
                "raw_data": {
                  "FileName": ".terraform/modules/vpc/vpc-endpoints.tf",
                  "StartLine": 614,
                  "EndLine": 626
                }
              },
              {
                "address": "aws_vpc_endpoint.monitoring",
                "mode": "managed",
                "type": "aws_vpc_endpoint",
                "name": "monitoring",
                "provider_config_key": "vpc:aws",
                "expressions": {
                  "policy": {
                    "references": [
                      "var.monitoring_endpoint_policy"
                    ]
                  },
                  "private_dns_enabled": {
                    "references": [
                      "var.monitoring_endpoint_private_dns_enabled"
                    ]
                  },
                  "security_group_ids": {
                    "references": [
                      "var.monitoring_endpoint_security_group_ids"
                    ]
                  },
                  "service_name": {
                    "references": [
                      "data.aws_vpc_endpoint_service.monitoring[0]"
                    ]
                  },
                  "subnet_ids": {
                    "references": [
                      "var.monitoring_endpoint_subnet_ids",
                      "aws_subnet.private"
                    ]
                  },
                  "tags": {
                    "references": [
                      "local.vpce_tags"
                    ]
                  },
                  "vpc_endpoint_type": {
                    "constant_value": "Interface"
                  },
                  "vpc_id": {
                    "references": [
                      "local.vpc_id"
                    ]
                  }
                },
                "schema_version": 0,
                "count_expression": {
                  "references": [
                    "var.create_vpc",
                    "var.enable_monitoring_endpoint"
                  ]
                },
                "raw_data": {
                  "FileName": ".terraform/modules/vpc/vpc-endpoints.tf",
                  "StartLine": 590,
                  "EndLine": 602
                }
              },
              {
                "address": "aws_vpc_endpoint.qldb_session",
                "mode": "managed",
                "type": "aws_vpc_endpoint",
                "name": "qldb_session",
                "provider_config_key": "vpc:aws",
                "expressions": {
                  "private_dns_enabled": {
                    "references": [
                      "var.qldb_session_endpoint_private_dns_enabled"
                    ]
                  },
                  "security_group_ids": {
                    "references": [
                      "var.qldb_session_endpoint_security_group_ids"
                    ]
                  },
                  "service_name": {
                    "references": [
                      "data.aws_vpc_endpoint_service.qldb_session[0]"
                    ]
                  },
                  "subnet_ids": {
                    "references": [
                      "var.qldb_session_endpoint_subnet_ids",
                      "aws_subnet.private"
                    ]
                  },
                  "tags": {
                    "references": [
                      "local.vpce_tags"
                    ]
                  },
                  "vpc_endpoint_type": {
                    "constant_value": "Interface"
                  },
                  "vpc_id": {
                    "references": [
                      "local.vpc_id"
                    ]
                  }
                },
                "schema_version": 0,
                "count_expression": {
                  "references": [
                    "var.create_vpc",
                    "var.enable_qldb_session_endpoint"
                  ]
                },
                "raw_data": {
                  "FileName": ".terraform/modules/vpc/vpc-endpoints.tf",
                  "StartLine": 1311,
                  "EndLine": 1322
                }
              },
              {
                "address": "aws_vpc_endpoint.rds",
                "mode": "managed",
                "type": "aws_vpc_endpoint",
                "name": "rds",
                "provider_config_key": "vpc:aws",
                "expressions": {
                  "private_dns_enabled": {
                    "references": [
                      "var.rds_endpoint_private_dns_enabled"
                    ]
                  },
                  "security_group_ids": {
                    "references": [
                      "var.rds_endpoint_security_group_ids"
                    ]
                  },
                  "service_name": {
                    "references": [
                      "data.aws_vpc_endpoint_service.rds[0]"
                    ]
                  },
                  "subnet_ids": {
                    "references": [
                      "var.rds_endpoint_subnet_ids",
                      "aws_subnet.private"
                    ]
                  },
                  "tags": {
                    "references": [
                      "local.vpce_tags"
                    ]
                  },
                  "vpc_endpoint_type": {
                    "constant_value": "Interface"
                  },
                  "vpc_id": {
                    "references": [
                      "local.vpc_id"
                    ]
                  }
                },
                "schema_version": 0,
                "count_expression": {
                  "references": [
                    "var.create_vpc",
                    "var.enable_rds_endpoint"
                  ]
                },
                "raw_data": {
                  "FileName": ".terraform/modules/vpc/vpc-endpoints.tf",
                  "StartLine": 1446,
                  "EndLine": 1457
                }
              },
              {
                "address": "aws_vpc_endpoint.rekognition",
                "mode": "managed",
                "type": "aws_vpc_endpoint",
                "name": "rekognition",
                "provider_config_key": "vpc:aws",
                "expressions": {
                  "policy": {
                    "references": [
                      "var.rekognition_endpoint_policy"
                    ]
                  },
                  "private_dns_enabled": {
                    "references": [
                      "var.rekognition_endpoint_private_dns_enabled"
                    ]
                  },
                  "security_group_ids": {
                    "references": [
                      "var.rekognition_endpoint_security_group_ids"
                    ]
                  },
                  "service_name": {
                    "references": [
                      "data.aws_vpc_endpoint_service.rekognition[0]"
                    ]
                  },
                  "subnet_ids": {
                    "references": [
                      "var.rekognition_endpoint_subnet_ids",
                      "aws_subnet.private"
                    ]
                  },
                  "tags": {
                    "references": [
                      "local.vpce_tags"
                    ]
                  },
                  "vpc_endpoint_type": {
                    "constant_value": "Interface"
                  },
                  "vpc_id": {
                    "references": [
                      "local.vpc_id"
                    ]
                  }
                },
                "schema_version": 0,
                "count_expression": {
                  "references": [
                    "var.create_vpc",
                    "var.enable_rekognition_endpoint"
                  ]
                },
                "raw_data": {
                  "FileName": ".terraform/modules/vpc/vpc-endpoints.tf",
                  "StartLine": 1062,
                  "EndLine": 1074
                }
              },
              {
                "address": "aws_vpc_endpoint.s3",
                "mode": "managed",
                "type": "aws_vpc_endpoint",
                "name": "s3",
                "provider_config_key": "vpc:aws",
                "expressions": {
                  "policy": {
                    "references": [
                      "var.s3_endpoint_policy"
                    ]
                  },
                  "private_dns_enabled": {
                    "references": [
                      "var.s3_endpoint_type",
                      "var.s3_endpoint_private_dns_enabled"
                    ]
                  },
                  "security_group_ids": {
                    "references": [
                      "var.s3_endpoint_type",
                      "var.s3_endpoint_security_group_ids"
                    ]
                  },
                  "service_name": {
                    "references": [
                      "data.aws_vpc_endpoint_service.s3[0]"
                    ]
                  },
                  "subnet_ids": {
                    "references": [
                      "var.s3_endpoint_type",
                      "var.s3_endpoint_subnet_ids",
                      "aws_subnet.private"
                    ]
                  },
                  "tags": {
                    "references": [
                      "local.vpce_tags"
                    ]
                  },
                  "vpc_endpoint_type": {
                    "references": [
                      "var.s3_endpoint_type"
                    ]
                  },
                  "vpc_id": {
                    "references": [
                      "local.vpc_id"
                    ]
                  }
                },
                "schema_version": 0,
                "count_expression": {
                  "references": [
                    "var.create_vpc",
                    "var.enable_s3_endpoint"
                  ]
                },
                "raw_data": {
                  "FileName": ".terraform/modules/vpc/vpc-endpoints.tf",
                  "StartLine": 16,
                  "EndLine": 29
                }
              },
              {
                "address": "aws_vpc_endpoint.sagemaker_api",
                "mode": "managed",
                "type": "aws_vpc_endpoint",
                "name": "sagemaker_api",
                "provider_config_key": "vpc:aws",
                "expressions": {
                  "policy": {
                    "references": [
                      "var.sagemaker_api_endpoint_policy"
                    ]
                  },
                  "private_dns_enabled": {
                    "references": [
                      "var.sagemaker_api_endpoint_private_dns_enabled"
                    ]
                  },
                  "security_group_ids": {
                    "references": [
                      "var.sagemaker_api_endpoint_security_group_ids"
                    ]
                  },
                  "service_name": {
                    "references": [
                      "data.aws_vpc_endpoint_service.sagemaker_api[0]"
                    ]
                  },
                  "subnet_ids": {
                    "references": [
                      "var.sagemaker_api_endpoint_subnet_ids",
                      "aws_subnet.private"
                    ]
                  },
                  "tags": {
                    "references": [
                      "local.vpce_tags"
                    ]
                  },
                  "vpc_endpoint_type": {
                    "constant_value": "Interface"
                  },
                  "vpc_id": {
                    "references": [
                      "local.vpc_id"
                    ]
                  }
                },
                "schema_version": 0,
                "count_expression": {
                  "references": [
                    "var.create_vpc",
                    "var.enable_sagemaker_api_endpoint"
                  ]
                },
                "raw_data": {
                  "FileName": ".terraform/modules/vpc/vpc-endpoints.tf",
                  "StartLine": 950,
                  "EndLine": 962
                }
              },
              {
                "address": "aws_vpc_endpoint.sagemaker_notebook",
                "mode": "managed",
                "type": "aws_vpc_endpoint",
                "name": "sagemaker_notebook",
                "provider_config_key": "vpc:aws",
                "expressions": {
                  "policy": {
                    "references": [
                      "var.sagemaker_notebook_endpoint_policy"
                    ]
                  },
                  "private_dns_enabled": {
                    "references": [
                      "var.sagemaker_notebook_endpoint_private_dns_enabled"
                    ]
                  },
                  "security_group_ids": {
                    "references": [
                      "var.sagemaker_notebook_endpoint_security_group_ids"
                    ]
                  },
                  "service_name": {
                    "references": [
                      "data.aws_vpc_endpoint_service.sagemaker_notebook[0]"
                    ]
                  },
                  "subnet_ids": {
                    "references": [
                      "var.sagemaker_notebook_endpoint_subnet_ids",
                      "aws_subnet.private"
                    ]
                  },
                  "tags": {
                    "references": [
                      "local.vpce_tags"
                    ]
                  },
                  "vpc_endpoint_type": {
                    "constant_value": "Interface"
                  },
                  "vpc_id": {
                    "references": [
                      "local.vpc_id"
                    ]
                  }
                },
                "schema_version": 0,
                "count_expression": {
                  "references": [
                    "var.create_vpc",
                    "var.enable_sagemaker_notebook_endpoint"
                  ]
                },
                "raw_data": {
                  "FileName": ".terraform/modules/vpc/vpc-endpoints.tf",
                  "StartLine": 778,
                  "EndLine": 790
                }
              },
              {
                "address": "aws_vpc_endpoint.sagemaker_runtime",
                "mode": "managed",
                "type": "aws_vpc_endpoint",
                "name": "sagemaker_runtime",
                "provider_config_key": "vpc:aws",
                "expressions": {
                  "policy": {
                    "references": [
                      "var.sagemaker_runtime_endpoint_policy"
                    ]
                  },
                  "private_dns_enabled": {
                    "references": [
                      "var.sagemaker_runtime_endpoint_private_dns_enabled"
                    ]
                  },
                  "security_group_ids": {
                    "references": [
                      "var.sagemaker_runtime_endpoint_security_group_ids"
                    ]
                  },
                  "service_name": {
                    "references": [
                      "data.aws_vpc_endpoint_service.sagemaker_runtime[0]"
                    ]
                  },
                  "subnet_ids": {
                    "references": [
                      "var.sagemaker_runtime_endpoint_subnet_ids",
                      "aws_subnet.private"
                    ]
                  },
                  "tags": {
                    "references": [
                      "local.vpce_tags"
                    ]
                  },
                  "vpc_endpoint_type": {
                    "constant_value": "Interface"
                  },
                  "vpc_id": {
                    "references": [
                      "local.vpc_id"
                    ]
                  }
                },
                "schema_version": 0,
                "count_expression": {
                  "references": [
                    "var.create_vpc",
                    "var.enable_sagemaker_runtime_endpoint"
                  ]
                },
                "raw_data": {
                  "FileName": ".terraform/modules/vpc/vpc-endpoints.tf",
                  "StartLine": 972,
                  "EndLine": 984
                }
              },
              {
                "address": "aws_vpc_endpoint.secretsmanager",
                "mode": "managed",
                "type": "aws_vpc_endpoint",
                "name": "secretsmanager",
                "provider_config_key": "vpc:aws",
                "expressions": {
                  "policy": {
                    "references": [
                      "var.secretsmanager_endpoint_policy"
                    ]
                  },
                  "private_dns_enabled": {
                    "references": [
                      "var.secretsmanager_endpoint_private_dns_enabled"
                    ]
                  },
                  "security_group_ids": {
                    "references": [
                      "var.secretsmanager_endpoint_security_group_ids"
                    ]
                  },
                  "service_name": {
                    "references": [
                      "data.aws_vpc_endpoint_service.secretsmanager[0]"
                    ]
                  },
                  "subnet_ids": {
                    "references": [
                      "var.secretsmanager_endpoint_subnet_ids",
                      "aws_subnet.private"
                    ]
                  },
                  "tags": {
                    "references": [
                      "local.vpce_tags"
                    ]
                  },
                  "vpc_endpoint_type": {
                    "constant_value": "Interface"
                  },
                  "vpc_id": {
                    "references": [
                      "local.vpc_id"
                    ]
                  }
                },
                "schema_version": 0,
                "count_expression": {
                  "references": [
                    "var.create_vpc",
                    "var.enable_secretsmanager_endpoint"
                  ]
                },
                "raw_data": {
                  "FileName": ".terraform/modules/vpc/vpc-endpoints.tf",
                  "StartLine": 247,
                  "EndLine": 259
                }
              },
              {
                "address": "aws_vpc_endpoint.servicecatalog",
                "mode": "managed",
                "type": "aws_vpc_endpoint",
                "name": "servicecatalog",
                "provider_config_key": "vpc:aws",
                "expressions": {
                  "private_dns_enabled": {
                    "references": [
                      "var.servicecatalog_endpoint_private_dns_enabled"
                    ]
                  },
                  "security_group_ids": {
                    "references": [
                      "var.servicecatalog_endpoint_security_group_ids"
                    ]
                  },
                  "service_name": {
                    "references": [
                      "data.aws_vpc_endpoint_service.servicecatalog[0]"
                    ]
                  },
                  "subnet_ids": {
                    "references": [
                      "var.servicecatalog_endpoint_subnet_ids",
                      "aws_subnet.private"
                    ]
                  },
                  "tags": {
                    "references": [
                      "local.vpce_tags"
                    ]
                  },
                  "vpc_endpoint_type": {
                    "constant_value": "Interface"
                  },
                  "vpc_id": {
                    "references": [
                      "local.vpc_id"
                    ]
                  }
                },
                "schema_version": 0,
                "count_expression": {
                  "references": [
                    "var.create_vpc",
                    "var.enable_servicecatalog_endpoint"
                  ]
                },
                "raw_data": {
                  "FileName": ".terraform/modules/vpc/vpc-endpoints.tf",
                  "StartLine": 887,
                  "EndLine": 898
                }
              },
              {
                "address": "aws_vpc_endpoint.ses",
                "mode": "managed",
                "type": "aws_vpc_endpoint",
                "name": "ses",
                "provider_config_key": "vpc:aws",
                "expressions": {
                  "private_dns_enabled": {
                    "references": [
                      "var.ses_endpoint_private_dns_enabled"
                    ]
                  },
                  "security_group_ids": {
                    "references": [
                      "var.ses_endpoint_security_group_ids"
                    ]
                  },
                  "service_name": {
                    "references": [
                      "data.aws_vpc_endpoint_service.ses[0]"
                    ]
                  },
                  "subnet_ids": {
                    "references": [
                      "var.ses_endpoint_subnet_ids",
                      "aws_subnet.private"
                    ]
                  },
                  "tags": {
                    "references": [
                      "local.vpce_tags"
                    ]
                  },
                  "vpc_endpoint_type": {
                    "constant_value": "Interface"
                  },
                  "vpc_id": {
                    "references": [
                      "local.vpc_id"
                    ]
                  }
                },
                "schema_version": 0,
                "count_expression": {
                  "references": [
                    "var.create_vpc",
                    "var.enable_ses_endpoint"
                  ]
                },
                "raw_data": {
                  "FileName": ".terraform/modules/vpc/vpc-endpoints.tf",
                  "StartLine": 1424,
                  "EndLine": 1435
                }
              },
              {
                "address": "aws_vpc_endpoint.sms",
                "mode": "managed",
                "type": "aws_vpc_endpoint",
                "name": "sms",
                "provider_config_key": "vpc:aws",
                "expressions": {
                  "private_dns_enabled": {
                    "references": [
                      "var.sms_endpoint_private_dns_enabled"
                    ]
                  },
                  "security_group_ids": {
                    "references": [
                      "var.sms_endpoint_security_group_ids"
                    ]
                  },
                  "service_name": {
                    "references": [
                      "data.aws_vpc_endpoint_service.sms[0]"
                    ]
                  },
                  "subnet_ids": {
                    "references": [
                      "var.sms_endpoint_subnet_ids",
                      "aws_subnet.private"
                    ]
                  },
                  "tags": {
                    "references": [
                      "local.vpce_tags"
                    ]
                  },
                  "vpc_endpoint_type": {
                    "constant_value": "Interface"
                  },
                  "vpc_id": {
                    "references": [
                      "local.vpc_id"
                    ]
                  }
                },
                "schema_version": 0,
                "count_expression": {
                  "references": [
                    "var.create_vpc",
                    "var.enable_sms_endpoint"
                  ]
                },
                "raw_data": {
                  "FileName": ".terraform/modules/vpc/vpc-endpoints.tf",
                  "StartLine": 1266,
                  "EndLine": 1277
                }
              },
              {
                "address": "aws_vpc_endpoint.sns",
                "mode": "managed",
                "type": "aws_vpc_endpoint",
                "name": "sns",
                "provider_config_key": "vpc:aws",
                "expressions": {
                  "policy": {
                    "references": [
                      "var.sns_endpoint_policy"
                    ]
                  },
                  "private_dns_enabled": {
                    "references": [
                      "var.sns_endpoint_private_dns_enabled"
                    ]
                  },
                  "security_group_ids": {
                    "references": [
                      "var.sns_endpoint_security_group_ids"
                    ]
                  },
                  "service_name": {
                    "references": [
                      "data.aws_vpc_endpoint_service.sns[0]"
                    ]
                  },
                  "subnet_ids": {
                    "references": [
                      "var.sns_endpoint_subnet_ids",
                      "aws_subnet.private"
                    ]
                  },
                  "tags": {
                    "references": [
                      "local.vpce_tags"
                    ]
                  },
                  "vpc_endpoint_type": {
                    "constant_value": "Interface"
                  },
                  "vpc_id": {
                    "references": [
                      "local.vpc_id"
                    ]
                  }
                },
                "schema_version": 0,
                "count_expression": {
                  "references": [
                    "var.create_vpc",
                    "var.enable_sns_endpoint"
                  ]
                },
                "raw_data": {
                  "FileName": ".terraform/modules/vpc/vpc-endpoints.tf",
                  "StartLine": 566,
                  "EndLine": 578
                }
              },
              {
                "address": "aws_vpc_endpoint.sqs",
                "mode": "managed",
                "type": "aws_vpc_endpoint",
                "name": "sqs",
                "provider_config_key": "vpc:aws",
                "expressions": {
                  "policy": {
                    "references": [
                      "var.sqs_endpoint_policy"
                    ]
                  },
                  "private_dns_enabled": {
                    "references": [
                      "var.sqs_endpoint_private_dns_enabled"
                    ]
                  },
                  "security_group_ids": {
                    "references": [
                      "var.sqs_endpoint_security_group_ids"
                    ]
                  },
                  "service_name": {
                    "references": [
                      "data.aws_vpc_endpoint_service.sqs[0]"
                    ]
                  },
                  "subnet_ids": {
                    "references": [
                      "var.sqs_endpoint_subnet_ids",
                      "aws_subnet.private"
                    ]
                  },
                  "tags": {
                    "references": [
                      "local.vpce_tags"
                    ]
                  },
                  "vpc_endpoint_type": {
                    "constant_value": "Interface"
                  },
                  "vpc_id": {
                    "references": [
                      "local.vpc_id"
                    ]
                  }
                },
                "schema_version": 0,
                "count_expression": {
                  "references": [
                    "var.create_vpc",
                    "var.enable_sqs_endpoint"
                  ]
                },
                "raw_data": {
                  "FileName": ".terraform/modules/vpc/vpc-endpoints.tf",
                  "StartLine": 203,
                  "EndLine": 215
                }
              },
              {
                "address": "aws_vpc_endpoint.ssm",
                "mode": "managed",
                "type": "aws_vpc_endpoint",
                "name": "ssm",
                "provider_config_key": "vpc:aws",
                "expressions": {
                  "private_dns_enabled": {
                    "references": [
                      "var.ssm_endpoint_private_dns_enabled"
                    ]
                  },
                  "security_group_ids": {
                    "references": [
                      "var.ssm_endpoint_security_group_ids"
                    ]
                  },
                  "service_name": {
                    "references": [
                      "data.aws_vpc_endpoint_service.ssm[0]"
                    ]
                  },
                  "subnet_ids": {
                    "references": [
                      "var.ssm_endpoint_subnet_ids",
                      "aws_subnet.private"
                    ]
                  },
                  "tags": {
                    "references": [
                      "local.vpce_tags"
                    ]
                  },
                  "vpc_endpoint_type": {
                    "constant_value": "Interface"
                  },
                  "vpc_id": {
                    "references": [
                      "local.vpc_id"
                    ]
                  }
                },
                "schema_version": 0,
                "count_expression": {
                  "references": [
                    "var.create_vpc",
                    "var.enable_ssm_endpoint"
                  ]
                },
                "raw_data": {
                  "FileName": ".terraform/modules/vpc/vpc-endpoints.tf",
                  "StartLine": 270,
                  "EndLine": 281
                }
              },
              {
                "address": "aws_vpc_endpoint.ssmmessages",
                "mode": "managed",
                "type": "aws_vpc_endpoint",
                "name": "ssmmessages",
                "provider_config_key": "vpc:aws",
                "expressions": {
                  "private_dns_enabled": {
                    "references": [
                      "var.ssmmessages_endpoint_private_dns_enabled"
                    ]
                  },
                  "security_group_ids": {
                    "references": [
                      "var.ssmmessages_endpoint_security_group_ids"
                    ]
                  },
                  "service_name": {
                    "references": [
                      "data.aws_vpc_endpoint_service.ssmmessages[0]"
                    ]
                  },
                  "subnet_ids": {
                    "references": [
                      "var.ssmmessages_endpoint_subnet_ids",
                      "aws_subnet.private"
                    ]
                  },
                  "tags": {
                    "references": [
                      "local.vpce_tags"
                    ]
                  },
                  "vpc_endpoint_type": {
                    "constant_value": "Interface"
                  },
                  "vpc_id": {
                    "references": [
                      "local.vpc_id"
                    ]
                  }
                },
                "schema_version": 0,
                "count_expression": {
                  "references": [
                    "var.create_vpc",
                    "var.enable_ssmmessages_endpoint"
                  ]
                },
                "raw_data": {
                  "FileName": ".terraform/modules/vpc/vpc-endpoints.tf",
                  "StartLine": 292,
                  "EndLine": 303
                }
              },
              {
                "address": "aws_vpc_endpoint.states",
                "mode": "managed",
                "type": "aws_vpc_endpoint",
                "name": "states",
                "provider_config_key": "vpc:aws",
                "expressions": {
                  "policy": {
                    "references": [
                      "var.states_endpoint_policy"
                    ]
                  },
                  "private_dns_enabled": {
                    "references": [
                      "var.states_endpoint_private_dns_enabled"
                    ]
                  },
                  "security_group_ids": {
                    "references": [
                      "var.states_endpoint_security_group_ids"
                    ]
                  },
                  "service_name": {
                    "references": [
                      "data.aws_vpc_endpoint_service.states[0]"
                    ]
                  },
                  "subnet_ids": {
                    "references": [
                      "var.states_endpoint_subnet_ids",
                      "aws_subnet.private"
                    ]
                  },
                  "tags": {
                    "references": [
                      "local.vpce_tags"
                    ]
                  },
                  "vpc_endpoint_type": {
                    "constant_value": "Interface"
                  },
                  "vpc_id": {
                    "references": [
                      "local.vpc_id"
                    ]
                  }
                },
                "schema_version": 0,
                "count_expression": {
                  "references": [
                    "var.create_vpc",
                    "var.enable_states_endpoint"
                  ]
                },
                "raw_data": {
                  "FileName": ".terraform/modules/vpc/vpc-endpoints.tf",
                  "StartLine": 1333,
                  "EndLine": 1345
                }
              },
              {
                "address": "aws_vpc_endpoint.storagegateway",
                "mode": "managed",
                "type": "aws_vpc_endpoint",
                "name": "storagegateway",
                "provider_config_key": "vpc:aws",
                "expressions": {
                  "private_dns_enabled": {
                    "references": [
                      "var.storagegateway_endpoint_private_dns_enabled"
                    ]
                  },
                  "security_group_ids": {
                    "references": [
                      "var.storagegateway_endpoint_security_group_ids"
                    ]
                  },
                  "service_name": {
                    "references": [
                      "data.aws_vpc_endpoint_service.storagegateway[0]"
                    ]
                  },
                  "subnet_ids": {
                    "references": [
                      "var.storagegateway_endpoint_subnet_ids",
                      "aws_subnet.private"
                    ]
                  },
                  "tags": {
                    "references": [
                      "local.vpce_tags"
                    ]
                  },
                  "vpc_endpoint_type": {
                    "constant_value": "Interface"
                  },
                  "vpc_id": {
                    "references": [
                      "local.vpc_id"
                    ]
                  }
                },
                "schema_version": 0,
                "count_expression": {
                  "references": [
                    "var.create_vpc",
                    "var.enable_storagegateway_endpoint"
                  ]
                },
                "raw_data": {
                  "FileName": ".terraform/modules/vpc/vpc-endpoints.tf",
                  "StartLine": 908,
                  "EndLine": 919
                }
              },
              {
                "address": "aws_vpc_endpoint.sts",
                "mode": "managed",
                "type": "aws_vpc_endpoint",
                "name": "sts",
                "provider_config_key": "vpc:aws",
                "expressions": {
                  "policy": {
                    "references": [
                      "var.sts_endpoint_policy"
                    ]
                  },
                  "private_dns_enabled": {
                    "references": [
                      "var.sts_endpoint_private_dns_enabled"
                    ]
                  },
                  "security_group_ids": {
                    "references": [
                      "var.sts_endpoint_security_group_ids"
                    ]
                  },
                  "service_name": {
                    "references": [
                      "data.aws_vpc_endpoint_service.sts[0]"
                    ]
                  },
                  "subnet_ids": {
                    "references": [
                      "var.sts_endpoint_subnet_ids",
                      "aws_subnet.private"
                    ]
                  },
                  "tags": {
                    "references": [
                      "local.vpce_tags"
                    ]
                  },
                  "vpc_endpoint_type": {
                    "constant_value": "Interface"
                  },
                  "vpc_id": {
                    "references": [
                      "local.vpc_id"
                    ]
                  }
                },
                "schema_version": 0,
                "count_expression": {
                  "references": [
                    "var.create_vpc",
                    "var.enable_sts_endpoint"
                  ]
                },
                "raw_data": {
                  "FileName": ".terraform/modules/vpc/vpc-endpoints.tf",
                  "StartLine": 801,
                  "EndLine": 813
                }
              },
              {
                "address": "aws_vpc_endpoint.textract",
                "mode": "managed",
                "type": "aws_vpc_endpoint",
                "name": "textract",
                "provider_config_key": "vpc:aws",
                "expressions": {
                  "private_dns_enabled": {
                    "references": [
                      "var.textract_endpoint_private_dns_enabled"
                    ]
                  },
                  "security_group_ids": {
                    "references": [
                      "var.textract_endpoint_security_group_ids"
                    ]
                  },
                  "service_name": {
                    "references": [
                      "data.aws_vpc_endpoint_service.textract[0]"
                    ]
                  },
                  "subnet_ids": {
                    "references": [
                      "var.textract_endpoint_subnet_ids",
                      "aws_subnet.private"
                    ]
                  },
                  "tags": {
                    "references": [
                      "local.vpce_tags"
                    ]
                  },
                  "vpc_endpoint_type": {
                    "constant_value": "Interface"
                  },
                  "vpc_id": {
                    "references": [
                      "local.vpc_id"
                    ]
                  }
                },
                "schema_version": 0,
                "count_expression": {
                  "references": [
                    "var.create_vpc",
                    "var.enable_textract_endpoint"
                  ]
                },
                "raw_data": {
                  "FileName": ".terraform/modules/vpc/vpc-endpoints.tf",
                  "StartLine": 1512,
                  "EndLine": 1523
                }
              },
              {
                "address": "aws_vpc_endpoint.transfer",
                "mode": "managed",
                "type": "aws_vpc_endpoint",
                "name": "transfer",
                "provider_config_key": "vpc:aws",
                "expressions": {
                  "private_dns_enabled": {
                    "references": [
                      "var.transfer_endpoint_private_dns_enabled"
                    ]
                  },
                  "security_group_ids": {
                    "references": [
                      "var.transfer_endpoint_security_group_ids"
                    ]
                  },
                  "service_name": {
                    "references": [
                      "data.aws_vpc_endpoint_service.transfer[0]"
                    ]
                  },
                  "subnet_ids": {
                    "references": [
                      "var.transfer_endpoint_subnet_ids",
                      "aws_subnet.private"
                    ]
                  },
                  "tags": {
                    "references": [
                      "local.vpce_tags"
                    ]
                  },
                  "vpc_endpoint_type": {
                    "constant_value": "Interface"
                  },
                  "vpc_id": {
                    "references": [
                      "local.vpc_id"
                    ]
                  }
                },
                "schema_version": 0,
                "count_expression": {
                  "references": [
                    "var.create_vpc",
                    "var.enable_transfer_endpoint"
                  ]
                },
                "raw_data": {
                  "FileName": ".terraform/modules/vpc/vpc-endpoints.tf",
                  "StartLine": 929,
                  "EndLine": 940
                }
              },
              {
                "address": "aws_vpc_endpoint.transferserver",
                "mode": "managed",
                "type": "aws_vpc_endpoint",
                "name": "transferserver",
                "provider_config_key": "vpc:aws",
                "expressions": {
                  "private_dns_enabled": {
                    "references": [
                      "var.transferserver_endpoint_private_dns_enabled"
                    ]
                  },
                  "security_group_ids": {
                    "references": [
                      "var.transferserver_endpoint_security_group_ids"
                    ]
                  },
                  "service_name": {
                    "references": [
                      "data.aws_vpc_endpoint_service.transferserver[0]"
                    ]
                  },
                  "subnet_ids": {
                    "references": [
                      "var.transferserver_endpoint_subnet_ids",
                      "aws_subnet.private"
                    ]
                  },
                  "tags": {
                    "references": [
                      "local.vpce_tags"
                    ]
                  },
                  "vpc_endpoint_type": {
                    "constant_value": "Interface"
                  },
                  "vpc_id": {
                    "references": [
                      "local.vpc_id"
                    ]
                  }
                },
                "schema_version": 0,
                "count_expression": {
                  "references": [
                    "var.create_vpc",
                    "var.enable_transferserver_endpoint"
                  ]
                },
                "raw_data": {
                  "FileName": ".terraform/modules/vpc/vpc-endpoints.tf",
                  "StartLine": 383,
                  "EndLine": 394
                }
              },
              {
                "address": "aws_vpc_endpoint.workspaces",
                "mode": "managed",
                "type": "aws_vpc_endpoint",
                "name": "workspaces",
                "provider_config_key": "vpc:aws",
                "expressions": {
                  "policy": {
                    "references": [
                      "var.workspaces_endpoint_policy"
                    ]
                  },
                  "private_dns_enabled": {
                    "references": [
                      "var.workspaces_endpoint_private_dns_enabled"
                    ]
                  },
                  "security_group_ids": {
                    "references": [
                      "var.workspaces_endpoint_security_group_ids"
                    ]
                  },
                  "service_name": {
                    "references": [
                      "data.aws_vpc_endpoint_service.workspaces[0]"
                    ]
                  },
                  "subnet_ids": {
                    "references": [
                      "var.workspaces_endpoint_subnet_ids",
                      "aws_subnet.private"
                    ]
                  },
                  "tags": {
                    "references": [
                      "local.vpce_tags"
                    ]
                  },
                  "vpc_endpoint_type": {
                    "constant_value": "Interface"
                  },
                  "vpc_id": {
                    "references": [
                      "local.vpc_id"
                    ]
                  }
                },
                "schema_version": 0,
                "count_expression": {
                  "references": [
                    "var.create_vpc",
                    "var.enable_workspaces_endpoint"
                  ]
                },
                "raw_data": {
                  "FileName": ".terraform/modules/vpc/vpc-endpoints.tf",
                  "StartLine": 1154,
                  "EndLine": 1166
                }
              },
              {
                "address": "aws_vpc_endpoint_route_table_association.intra_dynamodb",
                "mode": "managed",
                "type": "aws_vpc_endpoint_route_table_association",
                "name": "intra_dynamodb",
                "provider_config_key": "vpc:aws",
                "expressions": {
                  "route_table_id": {
                    "references": [
                      "aws_route_table.intra"
                    ]
                  },
                  "vpc_endpoint_id": {
                    "references": [
                      "aws_vpc_endpoint.dynamodb[0]"
                    ]
                  }
                },
                "schema_version": 0,
                "count_expression": {
                  "references": [
                    "var.create_vpc",
                    "var.enable_dynamodb_endpoint",
                    "var.intra_subnets",
                    "var.dynamodb_endpoint_type"
                  ]
                },
                "raw_data": {
                  "FileName": ".terraform/modules/vpc/vpc-endpoints.tf",
                  "StartLine": 89,
                  "EndLine": 94
                }
              },
              {
                "address": "aws_vpc_endpoint_route_table_association.intra_s3",
                "mode": "managed",
                "type": "aws_vpc_endpoint_route_table_association",
                "name": "intra_s3",
                "provider_config_key": "vpc:aws",
                "expressions": {
                  "route_table_id": {
                    "references": [
                      "aws_route_table.intra"
                    ]
                  },
                  "vpc_endpoint_id": {
                    "references": [
                      "aws_vpc_endpoint.s3[0]"
                    ]
                  }
                },
                "schema_version": 0,
                "count_expression": {
                  "references": [
                    "var.create_vpc",
                    "var.enable_s3_endpoint",
                    "var.intra_subnets",
                    "var.s3_endpoint_type"
                  ]
                },
                "raw_data": {
                  "FileName": ".terraform/modules/vpc/vpc-endpoints.tf",
                  "StartLine": 38,
                  "EndLine": 43
                }
              },
              {
                "address": "aws_vpc_endpoint_route_table_association.private_dynamodb",
                "mode": "managed",
                "type": "aws_vpc_endpoint_route_table_association",
                "name": "private_dynamodb",
                "provider_config_key": "vpc:aws",
                "expressions": {
                  "route_table_id": {
                    "references": [
                      "aws_route_table.private",
                      "count.index"
                    ]
                  },
                  "vpc_endpoint_id": {
                    "references": [
                      "aws_vpc_endpoint.dynamodb[0]"
                    ]
                  }
                },
                "schema_version": 0,
                "count_expression": {
                  "references": [
                    "var.create_vpc",
                    "var.enable_dynamodb_endpoint",
                    "var.dynamodb_endpoint_type",
                    "local.nat_gateway_count"
                  ]
                },
                "raw_data": {
                  "FileName": ".terraform/modules/vpc/vpc-endpoints.tf",
                  "StartLine": 82,
                  "EndLine": 87
                }
              },
              {
                "address": "aws_vpc_endpoint_route_table_association.private_s3",
                "mode": "managed",
                "type": "aws_vpc_endpoint_route_table_association",
                "name": "private_s3",
                "provider_config_key": "vpc:aws",
                "expressions": {
                  "route_table_id": {
                    "references": [
                      "aws_route_table.private",
                      "count.index"
                    ]
                  },
                  "vpc_endpoint_id": {
                    "references": [
                      "aws_vpc_endpoint.s3[0]"
                    ]
                  }
                },
                "schema_version": 0,
                "count_expression": {
                  "references": [
                    "var.create_vpc",
                    "var.enable_s3_endpoint",
                    "var.s3_endpoint_type",
                    "local.nat_gateway_count"
                  ]
                },
                "raw_data": {
                  "FileName": ".terraform/modules/vpc/vpc-endpoints.tf",
                  "StartLine": 31,
                  "EndLine": 36
                }
              },
              {
                "address": "aws_vpc_endpoint_route_table_association.public_dynamodb",
                "mode": "managed",
                "type": "aws_vpc_endpoint_route_table_association",
                "name": "public_dynamodb",
                "provider_config_key": "vpc:aws",
                "expressions": {
                  "route_table_id": {
                    "references": [
                      "aws_route_table.public[0]"
                    ]
                  },
                  "vpc_endpoint_id": {
                    "references": [
                      "aws_vpc_endpoint.dynamodb[0]"
                    ]
                  }
                },
                "schema_version": 0,
                "count_expression": {
                  "references": [
                    "var.create_vpc",
                    "var.enable_dynamodb_endpoint",
                    "var.public_subnets",
                    "var.dynamodb_endpoint_type"
                  ]
                },
                "raw_data": {
                  "FileName": ".terraform/modules/vpc/vpc-endpoints.tf",
                  "StartLine": 96,
                  "EndLine": 101
                }
              },
              {
                "address": "aws_vpc_endpoint_route_table_association.public_s3",
                "mode": "managed",
                "type": "aws_vpc_endpoint_route_table_association",
                "name": "public_s3",
                "provider_config_key": "vpc:aws",
                "expressions": {
                  "route_table_id": {
                    "references": [
                      "aws_route_table.public[0]"
                    ]
                  },
                  "vpc_endpoint_id": {
                    "references": [
                      "aws_vpc_endpoint.s3[0]"
                    ]
                  }
                },
                "schema_version": 0,
                "count_expression": {
                  "references": [
                    "var.create_vpc",
                    "var.enable_s3_endpoint",
                    "var.enable_public_s3_endpoint",
                    "var.public_subnets",
                    "var.s3_endpoint_type"
                  ]
                },
                "raw_data": {
                  "FileName": ".terraform/modules/vpc/vpc-endpoints.tf",
                  "StartLine": 45,
                  "EndLine": 50
                }
              },
              {
                "address": "aws_vpc_ipv4_cidr_block_association.this",
                "mode": "managed",
                "type": "aws_vpc_ipv4_cidr_block_association",
                "name": "this",
                "provider_config_key": "vpc:aws",
                "expressions": {
                  "cidr_block": {
                    "references": [
                      "var.secondary_cidr_blocks",
                      "count.index"
                    ]
                  },
                  "vpc_id": {
                    "references": [
                      "aws_vpc.this[0]"
                    ]
                  }
                },
                "schema_version": 0,
                "count_expression": {
                  "references": [
                    "var.create_vpc",
                    "var.secondary_cidr_blocks",
                    "var.secondary_cidr_blocks"
                  ]
                },
                "raw_data": {
                  "FileName": ".terraform/modules/vpc/main.tf",
                  "StartLine": 49,
                  "EndLine": 55
                }
              },
              {
                "address": "aws_vpn_gateway.this",
                "mode": "managed",
                "type": "aws_vpn_gateway",
                "name": "this",
                "provider_config_key": "vpc:aws",
                "expressions": {
                  "amazon_side_asn": {
                    "references": [
                      "var.amazon_side_asn"
                    ]
                  },
                  "availability_zone": {
                    "references": [
                      "var.vpn_gateway_az"
                    ]
                  },
                  "tags": {
                    "references": [
                      "var.name",
                      "var.tags",
                      "var.vpn_gateway_tags"
                    ]
                  },
                  "vpc_id": {
                    "references": [
                      "local.vpc_id"
                    ]
                  }
                },
                "schema_version": 0,
                "count_expression": {
                  "references": [
                    "var.create_vpc",
                    "var.enable_vpn_gateway"
                  ]
                },
                "raw_data": {
                  "FileName": ".terraform/modules/vpc/main.tf",
                  "StartLine": 1124,
                  "EndLine": 1138
                }
              },
              {
                "address": "aws_vpn_gateway_attachment.this",
                "mode": "managed",
                "type": "aws_vpn_gateway_attachment",
                "name": "this",
                "provider_config_key": "vpc:aws",
                "expressions": {
                  "vpc_id": {
                    "references": [
                      "local.vpc_id"
                    ]
                  },
                  "vpn_gateway_id": {
                    "references": [
                      "var.vpn_gateway_id"
                    ]
                  }
                },
                "schema_version": 0,
                "count_expression": {
                  "references": [
                    "var.vpn_gateway_id"
                  ]
                },
                "raw_data": {
                  "FileName": ".terraform/modules/vpc/main.tf",
                  "StartLine": 1140,
                  "EndLine": 1145
                }
              },
              {
                "address": "aws_vpn_gateway_route_propagation.intra",
                "mode": "managed",
                "type": "aws_vpn_gateway_route_propagation",
                "name": "intra",
                "provider_config_key": "vpc:aws",
                "expressions": {
                  "route_table_id": {
                    "references": [
                      "aws_route_table.intra",
                      "count.index"
                    ]
                  },
                  "vpn_gateway_id": {
                    "references": [
                      "aws_vpn_gateway.this",
                      "aws_vpn_gateway_attachment.this",
                      "count.index"
                    ]
                  }
                },
                "schema_version": 0,
                "count_expression": {
                  "references": [
                    "var.create_vpc",
                    "var.propagate_intra_route_tables_vgw",
                    "var.enable_vpn_gateway",
                    "var.vpn_gateway_id",
                    "var.intra_subnets"
                  ]
                },
                "raw_data": {
                  "FileName": ".terraform/modules/vpc/main.tf",
                  "StartLine": 1173,
                  "EndLine": 1184
                }
              },
              {
                "address": "aws_vpn_gateway_route_propagation.private",
                "mode": "managed",
                "type": "aws_vpn_gateway_route_propagation",
                "name": "private",
                "provider_config_key": "vpc:aws",
                "expressions": {
                  "route_table_id": {
                    "references": [
                      "aws_route_table.private",
                      "count.index"
                    ]
                  },
                  "vpn_gateway_id": {
                    "references": [
                      "aws_vpn_gateway.this",
                      "aws_vpn_gateway_attachment.this",
                      "count.index"
                    ]
                  }
                },
                "schema_version": 0,
                "count_expression": {
                  "references": [
                    "var.create_vpc",
                    "var.propagate_private_route_tables_vgw",
                    "var.enable_vpn_gateway",
                    "var.vpn_gateway_id",
                    "var.private_subnets"
                  ]
                },
                "raw_data": {
                  "FileName": ".terraform/modules/vpc/main.tf",
                  "StartLine": 1160,
                  "EndLine": 1171
                }
              },
              {
                "address": "aws_vpn_gateway_route_propagation.public",
                "mode": "managed",
                "type": "aws_vpn_gateway_route_propagation",
                "name": "public",
                "provider_config_key": "vpc:aws",
                "expressions": {
                  "route_table_id": {
                    "references": [
                      "aws_route_table.public",
                      "count.index"
                    ]
                  },
                  "vpn_gateway_id": {
                    "references": [
                      "aws_vpn_gateway.this",
                      "aws_vpn_gateway_attachment.this",
                      "count.index"
                    ]
                  }
                },
                "schema_version": 0,
                "count_expression": {
                  "references": [
                    "var.create_vpc",
                    "var.propagate_public_route_tables_vgw",
                    "var.enable_vpn_gateway",
                    "var.vpn_gateway_id"
                  ]
                },
                "raw_data": {
                  "FileName": ".terraform/modules/vpc/main.tf",
                  "StartLine": 1147,
                  "EndLine": 1158
                }
              },
              {
                "address": "data.aws_iam_policy_document.flow_log_cloudwatch_assume_role",
                "mode": "data",
                "type": "aws_iam_policy_document",
                "name": "flow_log_cloudwatch_assume_role",
                "provider_config_key": "vpc:aws",
                "expressions": {
                  "statement": [
                    {
                      "actions": {
                        "constant_value": [
                          "sts:AssumeRole"
                        ]
                      },
                      "effect": {
                        "constant_value": "Allow"
                      },
                      "principals": [
                        {
                          "identifiers": {
                            "constant_value": [
                              "vpc-flow-logs.amazonaws.com"
                            ]
                          },
                          "type": {
                            "constant_value": "Service"
                          }
                        }
                      ]
                    }
                  ]
                },
                "schema_version": 0,
                "count_expression": {
                  "references": [
                    "local.create_flow_log_cloudwatch_iam_role"
                  ]
                },
                "raw_data": {
                  "FileName": ".terraform/modules/vpc/vpc-flow-logs.tf",
                  "StartLine": 55,
                  "EndLine": 68
                }
              },
              {
                "address": "data.aws_iam_policy_document.vpc_flow_log_cloudwatch",
                "mode": "data",
                "type": "aws_iam_policy_document",
                "name": "vpc_flow_log_cloudwatch",
                "provider_config_key": "vpc:aws",
                "expressions": {
                  "statement": [
                    {
                      "actions": {
                        "constant_value": [
                          "logs:CreateLogStream",
                          "logs:PutLogEvents",
                          "logs:DescribeLogGroups",
                          "logs:DescribeLogStreams"
                        ]
                      },
                      "effect": {
                        "constant_value": "Allow"
                      },
                      "resources": {
                        "constant_value": [
                          "*"
                        ]
                      },
                      "sid": {
                        "constant_value": "AWSVPCFlowLogsPushToCloudWatch"
                      }
                    }
                  ]
                },
                "schema_version": 0,
                "count_expression": {
                  "references": [
                    "local.create_flow_log_cloudwatch_iam_role"
                  ]
                },
                "raw_data": {
                  "FileName": ".terraform/modules/vpc/vpc-flow-logs.tf",
                  "StartLine": 84,
                  "EndLine": 101
                }
              },
              {
                "address": "data.aws_vpc_endpoint_service.access_analyzer",
                "mode": "data",
                "type": "aws_vpc_endpoint_service",
                "name": "access_analyzer",
                "provider_config_key": "vpc:aws",
                "expressions": {
                  "service": {
                    "constant_value": "access-analyzer"
                  }
                },
                "schema_version": 0,
                "count_expression": {
                  "references": [
                    "var.create_vpc",
                    "var.enable_access_analyzer_endpoint"
                  ]
                },
                "raw_data": {
                  "FileName": ".terraform/modules/vpc/vpc-endpoints.tf",
                  "StartLine": 1171,
                  "EndLine": 1175
                }
              },
              {
                "address": "data.aws_vpc_endpoint_service.acm_pca",
                "mode": "data",
                "type": "aws_vpc_endpoint_service",
                "name": "acm_pca",
                "provider_config_key": "vpc:aws",
                "expressions": {
                  "service": {
                    "constant_value": "acm-pca"
                  }
                },
                "schema_version": 0,
                "count_expression": {
                  "references": [
                    "var.create_vpc",
                    "var.enable_acm_pca_endpoint"
                  ]
                },
                "raw_data": {
                  "FileName": ".terraform/modules/vpc/vpc-endpoints.tf",
                  "StartLine": 1395,
                  "EndLine": 1399
                }
              },
              {
                "address": "data.aws_vpc_endpoint_service.apigw",
                "mode": "data",
                "type": "aws_vpc_endpoint_service",
                "name": "apigw",
                "provider_config_key": "vpc:aws",
                "expressions": {
                  "service": {
                    "constant_value": "execute-api"
                  }
                },
                "schema_version": 0,
                "count_expression": {
                  "references": [
                    "var.create_vpc",
                    "var.enable_apigw_endpoint"
                  ]
                },
                "raw_data": {
                  "FileName": ".terraform/modules/vpc/vpc-endpoints.tf",
                  "StartLine": 445,
                  "EndLine": 449
                }
              },
              {
                "address": "data.aws_vpc_endpoint_service.appmesh_envoy_management",
                "mode": "data",
                "type": "aws_vpc_endpoint_service",
                "name": "appmesh_envoy_management",
                "provider_config_key": "vpc:aws",
                "expressions": {
                  "service": {
                    "constant_value": "appmesh-envoy-management"
                  }
                },
                "schema_version": 0,
                "count_expression": {
                  "references": [
                    "var.create_vpc",
                    "var.enable_appmesh_envoy_management_endpoint"
                  ]
                },
                "raw_data": {
                  "FileName": ".terraform/modules/vpc/vpc-endpoints.tf",
                  "StartLine": 860,
                  "EndLine": 864
                }
              },
              {
                "address": "data.aws_vpc_endpoint_service.appstream_api",
                "mode": "data",
                "type": "aws_vpc_endpoint_service",
                "name": "appstream_api",
                "provider_config_key": "vpc:aws",
                "expressions": {
                  "service": {
                    "constant_value": "appstream.api"
                  }
                },
                "schema_version": 0,
                "count_expression": {
                  "references": [
                    "var.create_vpc",
                    "var.enable_appstream_streaming_endpoint"
                  ]
                },
                "raw_data": {
                  "FileName": ".terraform/modules/vpc/vpc-endpoints.tf",
                  "StartLine": 989,
                  "EndLine": 993
                }
              },
              {
                "address": "data.aws_vpc_endpoint_service.appstream_streaming",
                "mode": "data",
                "type": "aws_vpc_endpoint_service",
                "name": "appstream_streaming",
                "provider_config_key": "vpc:aws",
                "expressions": {
                  "service": {
                    "constant_value": "appstream.streaming"
                  }
                },
                "schema_version": 0,
                "count_expression": {
                  "references": [
                    "var.create_vpc",
                    "var.enable_appstream_streaming_endpoint"
                  ]
                },
                "raw_data": {
                  "FileName": ".terraform/modules/vpc/vpc-endpoints.tf",
                  "StartLine": 1011,
                  "EndLine": 1015
                }
              },
              {
                "address": "data.aws_vpc_endpoint_service.athena",
                "mode": "data",
                "type": "aws_vpc_endpoint_service",
                "name": "athena",
                "provider_config_key": "vpc:aws",
                "expressions": {
                  "service": {
                    "constant_value": "athena"
                  }
                },
                "schema_version": 0,
                "count_expression": {
                  "references": [
                    "var.create_vpc",
                    "var.enable_athena_endpoint"
                  ]
                },
                "raw_data": {
                  "FileName": ".terraform/modules/vpc/vpc-endpoints.tf",
                  "StartLine": 1033,
                  "EndLine": 1037
                }
              },
              {
                "address": "data.aws_vpc_endpoint_service.auto_scaling_plans",
                "mode": "data",
                "type": "aws_vpc_endpoint_service",
                "name": "auto_scaling_plans",
                "provider_config_key": "vpc:aws",
                "expressions": {
                  "service": {
                    "constant_value": "autoscaling-plans"
                  }
                },
                "schema_version": 0,
                "count_expression": {
                  "references": [
                    "var.create_vpc",
                    "var.enable_auto_scaling_plans_endpoint"
                  ]
                },
                "raw_data": {
                  "FileName": ".terraform/modules/vpc/vpc-endpoints.tf",
                  "StartLine": 1125,
                  "EndLine": 1129
                }
              },
              {
                "address": "data.aws_vpc_endpoint_service.cloud_directory",
                "mode": "data",
                "type": "aws_vpc_endpoint_service",
                "name": "cloud_directory",
                "provider_config_key": "vpc:aws",
                "expressions": {
                  "service": {
                    "constant_value": "clouddirectory"
                  }
                },
                "schema_version": 0,
                "count_expression": {
                  "references": [
                    "var.create_vpc",
                    "var.enable_cloud_directory_endpoint"
                  ]
                },
                "raw_data": {
                  "FileName": ".terraform/modules/vpc/vpc-endpoints.tf",
                  "StartLine": 1102,
                  "EndLine": 1106
                }
              },
              {
                "address": "data.aws_vpc_endpoint_service.cloudformation",
                "mode": "data",
                "type": "aws_vpc_endpoint_service",
                "name": "cloudformation",
                "provider_config_key": "vpc:aws",
                "expressions": {
                  "service": {
                    "constant_value": "cloudformation"
                  }
                },
                "schema_version": 0,
                "count_expression": {
                  "references": [
                    "var.create_vpc",
                    "var.enable_cloudformation_endpoint"
                  ]
                },
                "raw_data": {
                  "FileName": ".terraform/modules/vpc/vpc-endpoints.tf",
                  "StartLine": 818,
                  "EndLine": 822
                }
              },
              {
                "address": "data.aws_vpc_endpoint_service.cloudtrail",
                "mode": "data",
                "type": "aws_vpc_endpoint_service",
                "name": "cloudtrail",
                "provider_config_key": "vpc:aws",
                "expressions": {
                  "service": {
                    "constant_value": "cloudtrail"
                  }
                },
                "schema_version": 0,
                "count_expression": {
                  "references": [
                    "var.create_vpc",
                    "var.enable_cloudtrail_endpoint"
                  ]
                },
                "raw_data": {
                  "FileName": ".terraform/modules/vpc/vpc-endpoints.tf",
                  "StartLine": 680,
                  "EndLine": 684
                }
              },
              {
                "address": "data.aws_vpc_endpoint_service.codeartifact_api",
                "mode": "data",
                "type": "aws_vpc_endpoint_service",
                "name": "codeartifact_api",
                "provider_config_key": "vpc:aws",
                "expressions": {
                  "service": {
                    "constant_value": "codeartifact.api"
                  }
                },
                "schema_version": 0,
                "count_expression": {
                  "references": [
                    "var.create_vpc",
                    "var.enable_codeartifact_api_endpoint"
                  ]
                },
                "raw_data": {
                  "FileName": ".terraform/modules/vpc/vpc-endpoints.tf",
                  "StartLine": 1528,
                  "EndLine": 1532
                }
              },
              {
                "address": "data.aws_vpc_endpoint_service.codeartifact_repositories",
                "mode": "data",
                "type": "aws_vpc_endpoint_service",
                "name": "codeartifact_repositories",
                "provider_config_key": "vpc:aws",
                "expressions": {
                  "service": {
                    "constant_value": "codeartifact.repositories"
                  }
                },
                "schema_version": 0,
                "count_expression": {
                  "references": [
                    "var.create_vpc",
                    "var.enable_codeartifact_repositories_endpoint"
                  ]
                },
                "raw_data": {
                  "FileName": ".terraform/modules/vpc/vpc-endpoints.tf",
                  "StartLine": 1550,
                  "EndLine": 1554
                }
              },
              {
                "address": "data.aws_vpc_endpoint_service.codebuild",
                "mode": "data",
                "type": "aws_vpc_endpoint_service",
                "name": "codebuild",
                "provider_config_key": "vpc:aws",
                "expressions": {
                  "service": {
                    "constant_value": "codebuild"
                  }
                },
                "schema_version": 0,
                "count_expression": {
                  "references": [
                    "var.create_vpc",
                    "var.enable_codebuild_endpoint"
                  ]
                },
                "raw_data": {
                  "FileName": ".terraform/modules/vpc/vpc-endpoints.tf",
                  "StartLine": 107,
                  "EndLine": 111
                }
              },
              {
                "address": "data.aws_vpc_endpoint_service.codecommit",
                "mode": "data",
                "type": "aws_vpc_endpoint_service",
                "name": "codecommit",
                "provider_config_key": "vpc:aws",
                "expressions": {
                  "service": {
                    "constant_value": "codecommit"
                  }
                },
                "schema_version": 0,
                "count_expression": {
                  "references": [
                    "var.create_vpc",
                    "var.enable_codecommit_endpoint"
                  ]
                },
                "raw_data": {
                  "FileName": ".terraform/modules/vpc/vpc-endpoints.tf",
                  "StartLine": 130,
                  "EndLine": 134
                }
              },
              {
                "address": "data.aws_vpc_endpoint_service.codedeploy",
                "mode": "data",
                "type": "aws_vpc_endpoint_service",
                "name": "codedeploy",
                "provider_config_key": "vpc:aws",
                "expressions": {
                  "service": {
                    "constant_value": "codedeploy"
                  }
                },
                "schema_version": 0,
                "count_expression": {
                  "references": [
                    "var.create_vpc",
                    "var.enable_codedeploy_endpoint"
                  ]
                },
                "raw_data": {
                  "FileName": ".terraform/modules/vpc/vpc-endpoints.tf",
                  "StartLine": 1462,
                  "EndLine": 1466
                }
              },
              {
                "address": "data.aws_vpc_endpoint_service.codedeploy_commands_secure",
                "mode": "data",
                "type": "aws_vpc_endpoint_service",
                "name": "codedeploy_commands_secure",
                "provider_config_key": "vpc:aws",
                "expressions": {
                  "service": {
                    "constant_value": "codedeploy-commands-secure"
                  }
                },
                "schema_version": 0,
                "count_expression": {
                  "references": [
                    "var.create_vpc",
                    "var.enable_codedeploy_commands_secure_endpoint"
                  ]
                },
                "raw_data": {
                  "FileName": ".terraform/modules/vpc/vpc-endpoints.tf",
                  "StartLine": 1484,
                  "EndLine": 1488
                }
              },
              {
                "address": "data.aws_vpc_endpoint_service.codepipeline",
                "mode": "data",
                "type": "aws_vpc_endpoint_service",
                "name": "codepipeline",
                "provider_config_key": "vpc:aws",
                "expressions": {
                  "service": {
                    "constant_value": "codepipeline"
                  }
                },
                "schema_version": 0,
                "count_expression": {
                  "references": [
                    "var.create_vpc",
                    "var.enable_codepipeline_endpoint"
                  ]
                },
                "raw_data": {
                  "FileName": ".terraform/modules/vpc/vpc-endpoints.tf",
                  "StartLine": 839,
                  "EndLine": 843
                }
              },
              {
                "address": "data.aws_vpc_endpoint_service.config",
                "mode": "data",
                "type": "aws_vpc_endpoint_service",
                "name": "config",
                "provider_config_key": "vpc:aws",
                "expressions": {
                  "service": {
                    "constant_value": "config"
                  }
                },
                "schema_version": 0,
                "count_expression": {
                  "references": [
                    "var.create_vpc",
                    "var.enable_config_endpoint"
                  ]
                },
                "raw_data": {
                  "FileName": ".terraform/modules/vpc/vpc-endpoints.tf",
                  "StartLine": 175,
                  "EndLine": 179
                }
              },
              {
                "address": "data.aws_vpc_endpoint_service.datasync",
                "mode": "data",
                "type": "aws_vpc_endpoint_service",
                "name": "datasync",
                "provider_config_key": "vpc:aws",
                "expressions": {
                  "service": {
                    "constant_value": "datasync"
                  }
                },
                "schema_version": 0,
                "count_expression": {
                  "references": [
                    "var.create_vpc",
                    "var.enable_datasync_endpoint"
                  ]
                },
                "raw_data": {
                  "FileName": ".terraform/modules/vpc/vpc-endpoints.tf",
                  "StartLine": 1216,
                  "EndLine": 1220
                }
              },
              {
                "address": "data.aws_vpc_endpoint_service.dms",
                "mode": "data",
                "type": "aws_vpc_endpoint_service",
                "name": "dms",
                "provider_config_key": "vpc:aws",
                "expressions": {
                  "service": {
                    "constant_value": "dms"
                  }
                },
                "schema_version": 0,
                "count_expression": {
                  "references": [
                    "var.create_vpc",
                    "var.enable_dms_endpoint"
                  ]
                },
                "raw_data": {
                  "FileName": ".terraform/modules/vpc/vpc-endpoints.tf",
                  "StartLine": 1573,
                  "EndLine": 1577
                }
              },
              {
                "address": "data.aws_vpc_endpoint_service.dynamodb",
                "mode": "data",
                "type": "aws_vpc_endpoint_service",
                "name": "dynamodb",
                "provider_config_key": "vpc:aws",
                "expressions": {
                  "filter": [
                    {
                      "name": {
                        "constant_value": "service-type"
                      },
                      "values": {
                        "references": [
                          "var.dynamodb_endpoint_type"
                        ]
                      }
                    }
                  ],
                  "service": {
                    "constant_value": "dynamodb"
                  }
                },
                "schema_version": 0,
                "count_expression": {
                  "references": [
                    "var.create_vpc",
                    "var.enable_dynamodb_endpoint"
                  ]
                },
                "raw_data": {
                  "FileName": ".terraform/modules/vpc/vpc-endpoints.tf",
                  "StartLine": 55,
                  "EndLine": 65
                }
              },
              {
                "address": "data.aws_vpc_endpoint_service.ebs",
                "mode": "data",
                "type": "aws_vpc_endpoint_service",
                "name": "ebs",
                "provider_config_key": "vpc:aws",
                "expressions": {
                  "service": {
                    "constant_value": "ebs"
                  }
                },
                "schema_version": 0,
                "count_expression": {
                  "references": [
                    "var.create_vpc",
                    "var.enable_ebs_endpoint"
                  ]
                },
                "raw_data": {
                  "FileName": ".terraform/modules/vpc/vpc-endpoints.tf",
                  "StartLine": 1194,
                  "EndLine": 1198
                }
              },
              {
                "address": "data.aws_vpc_endpoint_service.ec2",
                "mode": "data",
                "type": "aws_vpc_endpoint_service",
                "name": "ec2",
                "provider_config_key": "vpc:aws",
                "expressions": {
                  "service": {
                    "constant_value": "ec2"
                  }
                },
                "schema_version": 0,
                "count_expression": {
                  "references": [
                    "var.create_vpc",
                    "var.enable_ec2_endpoint"
                  ]
                },
                "raw_data": {
                  "FileName": ".terraform/modules/vpc/vpc-endpoints.tf",
                  "StartLine": 308,
                  "EndLine": 312
                }
              },
              {
                "address": "data.aws_vpc_endpoint_service.ec2_autoscaling",
                "mode": "data",
                "type": "aws_vpc_endpoint_service",
                "name": "ec2_autoscaling",
                "provider_config_key": "vpc:aws",
                "expressions": {
                  "service": {
                    "constant_value": "autoscaling"
                  }
                },
                "schema_version": 0,
                "count_expression": {
                  "references": [
                    "var.create_vpc",
                    "var.enable_ec2_autoscaling_endpoint"
                  ]
                },
                "raw_data": {
                  "FileName": ".terraform/modules/vpc/vpc-endpoints.tf",
                  "StartLine": 353,
                  "EndLine": 357
                }
              },
              {
                "address": "data.aws_vpc_endpoint_service.ec2messages",
                "mode": "data",
                "type": "aws_vpc_endpoint_service",
                "name": "ec2messages",
                "provider_config_key": "vpc:aws",
                "expressions": {
                  "service": {
                    "constant_value": "ec2messages"
                  }
                },
                "schema_version": 0,
                "count_expression": {
                  "references": [
                    "var.create_vpc",
                    "var.enable_ec2messages_endpoint"
                  ]
                },
                "raw_data": {
                  "FileName": ".terraform/modules/vpc/vpc-endpoints.tf",
                  "StartLine": 331,
                  "EndLine": 335
                }
              },
              {
                "address": "data.aws_vpc_endpoint_service.ecr_api",
                "mode": "data",
                "type": "aws_vpc_endpoint_service",
                "name": "ecr_api",
                "provider_config_key": "vpc:aws",
                "expressions": {
                  "service": {
                    "constant_value": "ecr.api"
                  }
                },
                "schema_version": 0,
                "count_expression": {
                  "references": [
                    "var.create_vpc",
                    "var.enable_ecr_api_endpoint"
                  ]
                },
                "raw_data": {
                  "FileName": ".terraform/modules/vpc/vpc-endpoints.tf",
                  "StartLine": 399,
                  "EndLine": 403
                }
              },
              {
                "address": "data.aws_vpc_endpoint_service.ecr_dkr",
                "mode": "data",
                "type": "aws_vpc_endpoint_service",
                "name": "ecr_dkr",
                "provider_config_key": "vpc:aws",
                "expressions": {
                  "service": {
                    "constant_value": "ecr.dkr"
                  }
                },
                "schema_version": 0,
                "count_expression": {
                  "references": [
                    "var.create_vpc",
                    "var.enable_ecr_dkr_endpoint"
                  ]
                },
                "raw_data": {
                  "FileName": ".terraform/modules/vpc/vpc-endpoints.tf",
                  "StartLine": 422,
                  "EndLine": 426
                }
              },
              {
                "address": "data.aws_vpc_endpoint_service.ecs",
                "mode": "data",
                "type": "aws_vpc_endpoint_service",
                "name": "ecs",
                "provider_config_key": "vpc:aws",
                "expressions": {
                  "service": {
                    "constant_value": "ecs"
                  }
                },
                "schema_version": 0,
                "count_expression": {
                  "references": [
                    "var.create_vpc",
                    "var.enable_ecs_endpoint"
                  ]
                },
                "raw_data": {
                  "FileName": ".terraform/modules/vpc/vpc-endpoints.tf",
                  "StartLine": 491,
                  "EndLine": 495
                }
              },
              {
                "address": "data.aws_vpc_endpoint_service.ecs_agent",
                "mode": "data",
                "type": "aws_vpc_endpoint_service",
                "name": "ecs_agent",
                "provider_config_key": "vpc:aws",
                "expressions": {
                  "service": {
                    "constant_value": "ecs-agent"
                  }
                },
                "schema_version": 0,
                "count_expression": {
                  "references": [
                    "var.create_vpc",
                    "var.enable_ecs_agent_endpoint"
                  ]
                },
                "raw_data": {
                  "FileName": ".terraform/modules/vpc/vpc-endpoints.tf",
                  "StartLine": 514,
                  "EndLine": 518
                }
              },
              {
                "address": "data.aws_vpc_endpoint_service.ecs_telemetry",
                "mode": "data",
                "type": "aws_vpc_endpoint_service",
                "name": "ecs_telemetry",
                "provider_config_key": "vpc:aws",
                "expressions": {
                  "service": {
                    "constant_value": "ecs-telemetry"
                  }
                },
                "schema_version": 0,
                "count_expression": {
                  "references": [
                    "var.create_vpc",
                    "var.enable_ecs_telemetry_endpoint"
                  ]
                },
                "raw_data": {
                  "FileName": ".terraform/modules/vpc/vpc-endpoints.tf",
                  "StartLine": 537,
                  "EndLine": 541
                }
              },
              {
                "address": "data.aws_vpc_endpoint_service.efs",
                "mode": "data",
                "type": "aws_vpc_endpoint_service",
                "name": "efs",
                "provider_config_key": "vpc:aws",
                "expressions": {
                  "service": {
                    "constant_value": "elasticfilesystem"
                  }
                },
                "schema_version": 0,
                "count_expression": {
                  "references": [
                    "var.create_vpc",
                    "var.enable_efs_endpoint"
                  ]
                },
                "raw_data": {
                  "FileName": ".terraform/modules/vpc/vpc-endpoints.tf",
                  "StartLine": 1079,
                  "EndLine": 1083
                }
              },
              {
                "address": "data.aws_vpc_endpoint_service.elastic_inference_runtime",
                "mode": "data",
                "type": "aws_vpc_endpoint_service",
                "name": "elastic_inference_runtime",
                "provider_config_key": "vpc:aws",
                "expressions": {
                  "service": {
                    "constant_value": "elastic-inference.runtime"
                  }
                },
                "schema_version": 0,
                "count_expression": {
                  "references": [
                    "var.create_vpc",
                    "var.enable_elastic_inference_runtime_endpoint"
                  ]
                },
                "raw_data": {
                  "FileName": ".terraform/modules/vpc/vpc-endpoints.tf",
                  "StartLine": 1238,
                  "EndLine": 1242
                }
              },
              {
                "address": "data.aws_vpc_endpoint_service.elasticbeanstalk",
                "mode": "data",
                "type": "aws_vpc_endpoint_service",
                "name": "elasticbeanstalk",
                "provider_config_key": "vpc:aws",
                "expressions": {
                  "service": {
                    "constant_value": "elasticbeanstalk"
                  }
                },
                "schema_version": 0,
                "count_expression": {
                  "references": [
                    "var.create_vpc",
                    "var.enable_elasticbeanstalk_endpoint"
                  ]
                },
                "raw_data": {
                  "FileName": ".terraform/modules/vpc/vpc-endpoints.tf",
                  "StartLine": 1350,
                  "EndLine": 1354
                }
              },
              {
                "address": "data.aws_vpc_endpoint_service.elasticbeanstalk_health",
                "mode": "data",
                "type": "aws_vpc_endpoint_service",
                "name": "elasticbeanstalk_health",
                "provider_config_key": "vpc:aws",
                "expressions": {
                  "service": {
                    "constant_value": "elasticbeanstalk-health"
                  }
                },
                "schema_version": 0,
                "count_expression": {
                  "references": [
                    "var.create_vpc",
                    "var.enable_elasticbeanstalk_health_endpoint"
                  ]
                },
                "raw_data": {
                  "FileName": ".terraform/modules/vpc/vpc-endpoints.tf",
                  "StartLine": 1373,
                  "EndLine": 1377
                }
              },
              {
                "address": "data.aws_vpc_endpoint_service.elasticloadbalancing",
                "mode": "data",
                "type": "aws_vpc_endpoint_service",
                "name": "elasticloadbalancing",
                "provider_config_key": "vpc:aws",
                "expressions": {
                  "service": {
                    "constant_value": "elasticloadbalancing"
                  }
                },
                "schema_version": 0,
                "count_expression": {
                  "references": [
                    "var.create_vpc",
                    "var.enable_elasticloadbalancing_endpoint"
                  ]
                },
                "raw_data": {
                  "FileName": ".terraform/modules/vpc/vpc-endpoints.tf",
                  "StartLine": 656,
                  "EndLine": 660
                }
              },
              {
                "address": "data.aws_vpc_endpoint_service.emr",
                "mode": "data",
                "type": "aws_vpc_endpoint_service",
                "name": "emr",
                "provider_config_key": "vpc:aws",
                "expressions": {
                  "service": {
                    "constant_value": "elasticmapreduce"
                  }
                },
                "schema_version": 0,
                "count_expression": {
                  "references": [
                    "var.create_vpc",
                    "var.enable_emr_endpoint"
                  ]
                },
                "raw_data": {
                  "FileName": ".terraform/modules/vpc/vpc-endpoints.tf",
                  "StartLine": 1282,
                  "EndLine": 1286
                }
              },
              {
                "address": "data.aws_vpc_endpoint_service.events",
                "mode": "data",
                "type": "aws_vpc_endpoint_service",
                "name": "events",
                "provider_config_key": "vpc:aws",
                "expressions": {
                  "service": {
                    "constant_value": "events"
                  }
                },
                "schema_version": 0,
                "count_expression": {
                  "references": [
                    "var.create_vpc",
                    "var.enable_events_endpoint"
                  ]
                },
                "raw_data": {
                  "FileName": ".terraform/modules/vpc/vpc-endpoints.tf",
                  "StartLine": 632,
                  "EndLine": 636
                }
              },
              {
                "address": "data.aws_vpc_endpoint_service.git_codecommit",
                "mode": "data",
                "type": "aws_vpc_endpoint_service",
                "name": "git_codecommit",
                "provider_config_key": "vpc:aws",
                "expressions": {
                  "service": {
                    "constant_value": "git-codecommit"
                  }
                },
                "schema_version": 0,
                "count_expression": {
                  "references": [
                    "var.create_vpc",
                    "var.enable_git_codecommit_endpoint"
                  ]
                },
                "raw_data": {
                  "FileName": ".terraform/modules/vpc/vpc-endpoints.tf",
                  "StartLine": 153,
                  "EndLine": 157
                }
              },
              {
                "address": "data.aws_vpc_endpoint_service.glue",
                "mode": "data",
                "type": "aws_vpc_endpoint_service",
                "name": "glue",
                "provider_config_key": "vpc:aws",
                "expressions": {
                  "service": {
                    "constant_value": "glue"
                  }
                },
                "schema_version": 0,
                "count_expression": {
                  "references": [
                    "var.create_vpc",
                    "var.enable_glue_endpoint"
                  ]
                },
                "raw_data": {
                  "FileName": ".terraform/modules/vpc/vpc-endpoints.tf",
                  "StartLine": 750,
                  "EndLine": 754
                }
              },
              {
                "address": "data.aws_vpc_endpoint_service.kinesis_firehose",
                "mode": "data",
                "type": "aws_vpc_endpoint_service",
                "name": "kinesis_firehose",
                "provider_config_key": "vpc:aws",
                "expressions": {
                  "service": {
                    "constant_value": "kinesis-firehose"
                  }
                },
                "schema_version": 0,
                "count_expression": {
                  "references": [
                    "var.create_vpc",
                    "var.enable_kinesis_firehose_endpoint"
                  ]
                },
                "raw_data": {
                  "FileName": ".terraform/modules/vpc/vpc-endpoints.tf",
                  "StartLine": 727,
                  "EndLine": 731
                }
              },
              {
                "address": "data.aws_vpc_endpoint_service.kinesis_streams",
                "mode": "data",
                "type": "aws_vpc_endpoint_service",
                "name": "kinesis_streams",
                "provider_config_key": "vpc:aws",
                "expressions": {
                  "service": {
                    "constant_value": "kinesis-streams"
                  }
                },
                "schema_version": 0,
                "count_expression": {
                  "references": [
                    "var.create_vpc",
                    "var.enable_kinesis_streams_endpoint"
                  ]
                },
                "raw_data": {
                  "FileName": ".terraform/modules/vpc/vpc-endpoints.tf",
                  "StartLine": 703,
                  "EndLine": 707
                }
              },
              {
                "address": "data.aws_vpc_endpoint_service.kms",
                "mode": "data",
                "type": "aws_vpc_endpoint_service",
                "name": "kms",
                "provider_config_key": "vpc:aws",
                "expressions": {
                  "service": {
                    "constant_value": "kms"
                  }
                },
                "schema_version": 0,
                "count_expression": {
                  "references": [
                    "var.create_vpc",
                    "var.enable_kms_endpoint"
                  ]
                },
                "raw_data": {
                  "FileName": ".terraform/modules/vpc/vpc-endpoints.tf",
                  "StartLine": 468,
                  "EndLine": 472
                }
              },
              {
                "address": "data.aws_vpc_endpoint_service.lambda",
                "mode": "data",
                "type": "aws_vpc_endpoint_service",
                "name": "lambda",
                "provider_config_key": "vpc:aws",
                "expressions": {
                  "service": {
                    "constant_value": "lambda"
                  }
                },
                "schema_version": 0,
                "count_expression": {
                  "references": [
                    "var.create_vpc",
                    "var.enable_lambda_endpoint"
                  ]
                },
                "raw_data": {
                  "FileName": ".terraform/modules/vpc/vpc-endpoints.tf",
                  "StartLine": 220,
                  "EndLine": 224
                }
              },
              {
                "address": "data.aws_vpc_endpoint_service.logs",
                "mode": "data",
                "type": "aws_vpc_endpoint_service",
                "name": "logs",
                "provider_config_key": "vpc:aws",
                "expressions": {
                  "service": {
                    "constant_value": "logs"
                  }
                },
                "schema_version": 0,
                "count_expression": {
                  "references": [
                    "var.create_vpc",
                    "var.enable_logs_endpoint"
                  ]
                },
                "raw_data": {
                  "FileName": ".terraform/modules/vpc/vpc-endpoints.tf",
                  "StartLine": 608,
                  "EndLine": 612
                }
              },
              {
                "address": "data.aws_vpc_endpoint_service.monitoring",
                "mode": "data",
                "type": "aws_vpc_endpoint_service",
                "name": "monitoring",
                "provider_config_key": "vpc:aws",
                "expressions": {
                  "service": {
                    "constant_value": "monitoring"
                  }
                },
                "schema_version": 0,
                "count_expression": {
                  "references": [
                    "var.create_vpc",
                    "var.enable_monitoring_endpoint"
                  ]
                },
                "raw_data": {
                  "FileName": ".terraform/modules/vpc/vpc-endpoints.tf",
                  "StartLine": 584,
                  "EndLine": 588
                }
              },
              {
                "address": "data.aws_vpc_endpoint_service.qldb_session",
                "mode": "data",
                "type": "aws_vpc_endpoint_service",
                "name": "qldb_session",
                "provider_config_key": "vpc:aws",
                "expressions": {
                  "service": {
                    "constant_value": "qldb.session"
                  }
                },
                "schema_version": 0,
                "count_expression": {
                  "references": [
                    "var.create_vpc",
                    "var.enable_qldb_session_endpoint"
                  ]
                },
                "raw_data": {
                  "FileName": ".terraform/modules/vpc/vpc-endpoints.tf",
                  "StartLine": 1305,
                  "EndLine": 1309
                }
              },
              {
                "address": "data.aws_vpc_endpoint_service.rds",
                "mode": "data",
                "type": "aws_vpc_endpoint_service",
                "name": "rds",
                "provider_config_key": "vpc:aws",
                "expressions": {
                  "service": {
                    "constant_value": "rds"
                  }
                },
                "schema_version": 0,
                "count_expression": {
                  "references": [
                    "var.create_vpc",
                    "var.enable_rds_endpoint"
                  ]
                },
                "raw_data": {
                  "FileName": ".terraform/modules/vpc/vpc-endpoints.tf",
                  "StartLine": 1440,
                  "EndLine": 1444
                }
              },
              {
                "address": "data.aws_vpc_endpoint_service.rekognition",
                "mode": "data",
                "type": "aws_vpc_endpoint_service",
                "name": "rekognition",
                "provider_config_key": "vpc:aws",
                "expressions": {
                  "service": {
                    "constant_value": "rekognition"
                  }
                },
                "schema_version": 0,
                "count_expression": {
                  "references": [
                    "var.create_vpc",
                    "var.enable_rekognition_endpoint"
                  ]
                },
                "raw_data": {
                  "FileName": ".terraform/modules/vpc/vpc-endpoints.tf",
                  "StartLine": 1056,
                  "EndLine": 1060
                }
              },
              {
                "address": "data.aws_vpc_endpoint_service.s3",
                "mode": "data",
                "type": "aws_vpc_endpoint_service",
                "name": "s3",
                "provider_config_key": "vpc:aws",
                "expressions": {
                  "filter": [
                    {
                      "name": {
                        "constant_value": "service-type"
                      },
                      "values": {
                        "references": [
                          "var.s3_endpoint_type"
                        ]
                      }
                    }
                  ],
                  "service": {
                    "constant_value": "s3"
                  }
                },
                "schema_version": 0,
                "count_expression": {
                  "references": [
                    "var.create_vpc",
                    "var.enable_s3_endpoint"
                  ]
                },
                "raw_data": {
                  "FileName": ".terraform/modules/vpc/vpc-endpoints.tf",
                  "StartLine": 4,
                  "EndLine": 14
                }
              },
              {
                "address": "data.aws_vpc_endpoint_service.sagemaker_api",
                "mode": "data",
                "type": "aws_vpc_endpoint_service",
                "name": "sagemaker_api",
                "provider_config_key": "vpc:aws",
                "expressions": {
                  "service": {
                    "constant_value": "sagemaker.api"
                  }
                },
                "schema_version": 0,
                "count_expression": {
                  "references": [
                    "var.create_vpc",
                    "var.enable_sagemaker_api_endpoint"
                  ]
                },
                "raw_data": {
                  "FileName": ".terraform/modules/vpc/vpc-endpoints.tf",
                  "StartLine": 944,
                  "EndLine": 948
                }
              },
              {
                "address": "data.aws_vpc_endpoint_service.sagemaker_notebook",
                "mode": "data",
                "type": "aws_vpc_endpoint_service",
                "name": "sagemaker_notebook",
                "provider_config_key": "vpc:aws",
                "expressions": {
                  "service_name": {
                    "references": [
                      "var.sagemaker_notebook_endpoint_region"
                    ]
                  }
                },
                "schema_version": 0,
                "count_expression": {
                  "references": [
                    "var.create_vpc",
                    "var.enable_sagemaker_notebook_endpoint"
                  ]
                },
                "raw_data": {
                  "FileName": ".terraform/modules/vpc/vpc-endpoints.tf",
                  "StartLine": 772,
                  "EndLine": 776
                }
              },
              {
                "address": "data.aws_vpc_endpoint_service.sagemaker_runtime",
                "mode": "data",
                "type": "aws_vpc_endpoint_service",
                "name": "sagemaker_runtime",
                "provider_config_key": "vpc:aws",
                "expressions": {
                  "service": {
                    "constant_value": "sagemaker.runtime"
                  }
                },
                "schema_version": 0,
                "count_expression": {
                  "references": [
                    "var.create_vpc",
                    "var.enable_sagemaker_runtime_endpoint"
                  ]
                },
                "raw_data": {
                  "FileName": ".terraform/modules/vpc/vpc-endpoints.tf",
                  "StartLine": 966,
                  "EndLine": 970
                }
              },
              {
                "address": "data.aws_vpc_endpoint_service.secretsmanager",
                "mode": "data",
                "type": "aws_vpc_endpoint_service",
                "name": "secretsmanager",
                "provider_config_key": "vpc:aws",
                "expressions": {
                  "service": {
                    "constant_value": "secretsmanager"
                  }
                },
                "schema_version": 0,
                "count_expression": {
                  "references": [
                    "var.create_vpc",
                    "var.enable_secretsmanager_endpoint"
                  ]
                },
                "raw_data": {
                  "FileName": ".terraform/modules/vpc/vpc-endpoints.tf",
                  "StartLine": 241,
                  "EndLine": 245
                }
              },
              {
                "address": "data.aws_vpc_endpoint_service.servicecatalog",
                "mode": "data",
                "type": "aws_vpc_endpoint_service",
                "name": "servicecatalog",
                "provider_config_key": "vpc:aws",
                "expressions": {
                  "service": {
                    "constant_value": "servicecatalog"
                  }
                },
                "schema_version": 0,
                "count_expression": {
                  "references": [
                    "var.create_vpc",
                    "var.enable_servicecatalog_endpoint"
                  ]
                },
                "raw_data": {
                  "FileName": ".terraform/modules/vpc/vpc-endpoints.tf",
                  "StartLine": 881,
                  "EndLine": 885
                }
              },
              {
                "address": "data.aws_vpc_endpoint_service.ses",
                "mode": "data",
                "type": "aws_vpc_endpoint_service",
                "name": "ses",
                "provider_config_key": "vpc:aws",
                "expressions": {
                  "service": {
                    "constant_value": "email-smtp"
                  }
                },
                "schema_version": 0,
                "count_expression": {
                  "references": [
                    "var.create_vpc",
                    "var.enable_ses_endpoint"
                  ]
                },
                "raw_data": {
                  "FileName": ".terraform/modules/vpc/vpc-endpoints.tf",
                  "StartLine": 1418,
                  "EndLine": 1422
                }
              },
              {
                "address": "data.aws_vpc_endpoint_service.sms",
                "mode": "data",
                "type": "aws_vpc_endpoint_service",
                "name": "sms",
                "provider_config_key": "vpc:aws",
                "expressions": {
                  "service": {
                    "constant_value": "sms"
                  }
                },
                "schema_version": 0,
                "count_expression": {
                  "references": [
                    "var.create_vpc",
                    "var.enable_sms_endpoint"
                  ]
                },
                "raw_data": {
                  "FileName": ".terraform/modules/vpc/vpc-endpoints.tf",
                  "StartLine": 1260,
                  "EndLine": 1264
                }
              },
              {
                "address": "data.aws_vpc_endpoint_service.sns",
                "mode": "data",
                "type": "aws_vpc_endpoint_service",
                "name": "sns",
                "provider_config_key": "vpc:aws",
                "expressions": {
                  "service": {
                    "constant_value": "sns"
                  }
                },
                "schema_version": 0,
                "count_expression": {
                  "references": [
                    "var.create_vpc",
                    "var.enable_sns_endpoint"
                  ]
                },
                "raw_data": {
                  "FileName": ".terraform/modules/vpc/vpc-endpoints.tf",
                  "StartLine": 560,
                  "EndLine": 564
                }
              },
              {
                "address": "data.aws_vpc_endpoint_service.sqs",
                "mode": "data",
                "type": "aws_vpc_endpoint_service",
                "name": "sqs",
                "provider_config_key": "vpc:aws",
                "expressions": {
                  "service": {
                    "constant_value": "sqs"
                  }
                },
                "schema_version": 0,
                "count_expression": {
                  "references": [
                    "var.create_vpc",
                    "var.enable_sqs_endpoint"
                  ]
                },
                "raw_data": {
                  "FileName": ".terraform/modules/vpc/vpc-endpoints.tf",
                  "StartLine": 197,
                  "EndLine": 201
                }
              },
              {
                "address": "data.aws_vpc_endpoint_service.ssm",
                "mode": "data",
                "type": "aws_vpc_endpoint_service",
                "name": "ssm",
                "provider_config_key": "vpc:aws",
                "expressions": {
                  "service": {
                    "constant_value": "ssm"
                  }
                },
                "schema_version": 0,
                "count_expression": {
                  "references": [
                    "var.create_vpc",
                    "var.enable_ssm_endpoint"
                  ]
                },
                "raw_data": {
                  "FileName": ".terraform/modules/vpc/vpc-endpoints.tf",
                  "StartLine": 264,
                  "EndLine": 268
                }
              },
              {
                "address": "data.aws_vpc_endpoint_service.ssmmessages",
                "mode": "data",
                "type": "aws_vpc_endpoint_service",
                "name": "ssmmessages",
                "provider_config_key": "vpc:aws",
                "expressions": {
                  "service": {
                    "constant_value": "ssmmessages"
                  }
                },
                "schema_version": 0,
                "count_expression": {
                  "references": [
                    "var.create_vpc",
                    "var.enable_ssmmessages_endpoint"
                  ]
                },
                "raw_data": {
                  "FileName": ".terraform/modules/vpc/vpc-endpoints.tf",
                  "StartLine": 286,
                  "EndLine": 290
                }
              },
              {
                "address": "data.aws_vpc_endpoint_service.states",
                "mode": "data",
                "type": "aws_vpc_endpoint_service",
                "name": "states",
                "provider_config_key": "vpc:aws",
                "expressions": {
                  "service": {
                    "constant_value": "states"
                  }
                },
                "schema_version": 0,
                "count_expression": {
                  "references": [
                    "var.create_vpc",
                    "var.enable_states_endpoint"
                  ]
                },
                "raw_data": {
                  "FileName": ".terraform/modules/vpc/vpc-endpoints.tf",
                  "StartLine": 1327,
                  "EndLine": 1331
                }
              },
              {
                "address": "data.aws_vpc_endpoint_service.storagegateway",
                "mode": "data",
                "type": "aws_vpc_endpoint_service",
                "name": "storagegateway",
                "provider_config_key": "vpc:aws",
                "expressions": {
                  "service": {
                    "constant_value": "storagegateway"
                  }
                },
                "schema_version": 0,
                "count_expression": {
                  "references": [
                    "var.create_vpc",
                    "var.enable_storagegateway_endpoint"
                  ]
                },
                "raw_data": {
                  "FileName": ".terraform/modules/vpc/vpc-endpoints.tf",
                  "StartLine": 902,
                  "EndLine": 906
                }
              },
              {
                "address": "data.aws_vpc_endpoint_service.sts",
                "mode": "data",
                "type": "aws_vpc_endpoint_service",
                "name": "sts",
                "provider_config_key": "vpc:aws",
                "expressions": {
                  "service": {
                    "constant_value": "sts"
                  }
                },
                "schema_version": 0,
                "count_expression": {
                  "references": [
                    "var.create_vpc",
                    "var.enable_sts_endpoint"
                  ]
                },
                "raw_data": {
                  "FileName": ".terraform/modules/vpc/vpc-endpoints.tf",
                  "StartLine": 795,
                  "EndLine": 799
                }
              },
              {
                "address": "data.aws_vpc_endpoint_service.textract",
                "mode": "data",
                "type": "aws_vpc_endpoint_service",
                "name": "textract",
                "provider_config_key": "vpc:aws",
                "expressions": {
                  "service": {
                    "constant_value": "textract"
                  }
                },
                "schema_version": 0,
                "count_expression": {
                  "references": [
                    "var.create_vpc",
                    "var.enable_textract_endpoint"
                  ]
                },
                "raw_data": {
                  "FileName": ".terraform/modules/vpc/vpc-endpoints.tf",
                  "StartLine": 1506,
                  "EndLine": 1510
                }
              },
              {
                "address": "data.aws_vpc_endpoint_service.transfer",
                "mode": "data",
                "type": "aws_vpc_endpoint_service",
                "name": "transfer",
                "provider_config_key": "vpc:aws",
                "expressions": {
                  "service": {
                    "constant_value": "transfer"
                  }
                },
                "schema_version": 0,
                "count_expression": {
                  "references": [
                    "var.create_vpc",
                    "var.enable_transfer_endpoint"
                  ]
                },
                "raw_data": {
                  "FileName": ".terraform/modules/vpc/vpc-endpoints.tf",
                  "StartLine": 923,
                  "EndLine": 927
                }
              },
              {
                "address": "data.aws_vpc_endpoint_service.transferserver",
                "mode": "data",
                "type": "aws_vpc_endpoint_service",
                "name": "transferserver",
                "provider_config_key": "vpc:aws",
                "expressions": {
                  "service": {
                    "constant_value": "transfer.server"
                  }
                },
                "schema_version": 0,
                "count_expression": {
                  "references": [
                    "var.create_vpc",
                    "var.enable_transferserver_endpoint"
                  ]
                },
                "raw_data": {
                  "FileName": ".terraform/modules/vpc/vpc-endpoints.tf",
                  "StartLine": 377,
                  "EndLine": 381
                }
              },
              {
                "address": "data.aws_vpc_endpoint_service.workspaces",
                "mode": "data",
                "type": "aws_vpc_endpoint_service",
                "name": "workspaces",
                "provider_config_key": "vpc:aws",
                "expressions": {
                  "service": {
                    "constant_value": "workspaces"
                  }
                },
                "schema_version": 0,
                "count_expression": {
                  "references": [
                    "var.create_vpc",
                    "var.enable_workspaces_endpoint"
                  ]
                },
                "raw_data": {
                  "FileName": ".terraform/modules/vpc/vpc-endpoints.tf",
                  "StartLine": 1148,
                  "EndLine": 1152
                }
              }
            ],
            "variables": {
              "access_analyzer_endpoint_policy": {
                "default": null,
                "description": "A policy to attach to the endpoint that controls access to the service. Defaults to full access"
              },
              "access_analyzer_endpoint_private_dns_enabled": {
                "default": false,
                "description": "Whether or not to associate a private hosted zone with the specified VPC for Access Analyzer endpoint"
              },
              "access_analyzer_endpoint_security_group_ids": {
                "default": [],
                "description": "The ID of one or more security groups to associate with the network interface for Access Analyzer endpoint"
              },
              "access_analyzer_endpoint_subnet_ids": {
                "default": [],
                "description": "The ID of one or more subnets in which to create a network interface for Access Analyzer endpoint. Only a single subnet within an AZ is supported. Ifomitted, private subnets will be used."
              },
              "acm_pca_endpoint_policy": {
                "default": null,
                "description": "A policy to attach to the endpoint that controls access to the service. Defaults to full access"
              },
              "acm_pca_endpoint_private_dns_enabled": {
                "default": false,
                "description": "Whether or not to associate a private hosted zone with the specified VPC for ACM PCA endpoint"
              },
              "acm_pca_endpoint_security_group_ids": {
                "default": [],
                "description": "The ID of one or more security groups to associate with the network interface for ACM PCA endpoint"
              },
              "acm_pca_endpoint_subnet_ids": {
                "default": [],
                "description": "The ID of one or more subnets in which to create a network interface for ACM PCA endpoint. Only a single subnet within an AZ is supported. If omitted, private subnets will be used."
              },
              "amazon_side_asn": {
                "default": "64512",
                "description": "The Autonomous System Number (ASN) for the Amazon side of the gateway. By default the virtual private gateway is created with the current default Amazon ASN."
              },
              "apigw_endpoint_policy": {
                "default": null,
                "description": "A policy to attach to the endpoint that controls access to the service. Defaults to full access"
              },
              "apigw_endpoint_private_dns_enabled": {
                "default": false,
                "description": "Whether or not to associate a private hosted zone with the specified VPC for API GW endpoint"
              },
              "apigw_endpoint_security_group_ids": {
                "default": [],
                "description": "The ID of one or more security groups to associate with the network interface for API GW  endpoint"
              },
              "apigw_endpoint_subnet_ids": {
                "default": [],
                "description": "The ID of one or more subnets in which to create a network interface for API GW endpoint. Only a single subnet within an AZ is supported. If omitted, private subnets will be used."
              },
              "appmesh_envoy_management_endpoint_private_dns_enabled": {
                "default": false,
                "description": "Whether or not to associate a private hosted zone with the specified VPC for AppMesh endpoint"
              },
              "appmesh_envoy_management_endpoint_security_group_ids": {
                "default": [],
                "description": "The ID of one or more security groups to associate with the network interface for AppMesh endpoint"
              },
              "appmesh_envoy_management_endpoint_subnet_ids": {
                "default": [],
                "description": "The ID of one or more subnets in which to create a network interface for AppMesh endpoint. Only a single subnet within an AZ is supported. If omitted, private subnets will be used."
              },
              "appstream_api_endpoint_private_dns_enabled": {
                "default": false,
                "description": "Whether or not to associate a private hosted zone with the specified VPC for AppStream API endpoint"
              },
              "appstream_api_endpoint_security_group_ids": {
                "default": [],
                "description": "The ID of one or more security groups to associate with the network interface for AppStream API endpoint"
              },
              "appstream_api_endpoint_subnet_ids": {
                "default": [],
                "description": "The ID of one or more subnets in which to create a network interface for AppStream API endpoint. Only a single subnet within an AZ is supported. If omitted, private subnets will be used."
              },
              "appstream_streaming_endpoint_private_dns_enabled": {
                "default": false,
                "description": "Whether or not to associate a private hosted zone with the specified VPC for AppStream Streaming endpoint"
              },
              "appstream_streaming_endpoint_security_group_ids": {
                "default": [],
                "description": "The ID of one or more security groups to associate with the network interface for AppStream Streaming endpoint"
              },
              "appstream_streaming_endpoint_subnet_ids": {
                "default": [],
                "description": "The ID of one or more subnets in which to create a network interface for AppStream Streaming endpoint. Only a single subnet within an AZ is supported. If omitted, private subnets will be used."
              },
              "assign_ipv6_address_on_creation": {
                "default": false,
                "description": "Assign IPv6 address on subnet, must be disabled to change IPv6 CIDRs. This is the IPv6 equivalent of map_public_ip_on_launch"
              },
              "athena_endpoint_policy": {
                "default": null,
                "description": "A policy to attach to the endpoint that controls access to the service. Defaults to full access"
              },
              "athena_endpoint_private_dns_enabled": {
                "default": false,
                "description": "Whether or not to associate a private hosted zone with the specified VPC for Athena endpoint"
              },
              "athena_endpoint_security_group_ids": {
                "default": [],
                "description": "The ID of one or more security groups to associate with the network interface for Athena endpoint"
              },
              "athena_endpoint_subnet_ids": {
                "default": [],
                "description": "The ID of one or more subnets in which to create a network interface for Athena endpoint. Only a single subnet within an AZ is supported. If omitted, private subnets will be used."
              },
              "auto_scaling_plans_endpoint_policy": {
                "default": null,
                "description": "A policy to attach to the endpoint that controls access to the service. Defaults to full access"
              },
              "auto_scaling_plans_endpoint_private_dns_enabled": {
                "default": false,
                "description": "Whether or not to associate a private hosted zone with the specified VPC for Auto Scaling Plans endpoint"
              },
              "auto_scaling_plans_endpoint_security_group_ids": {
                "default": [],
                "description": "The ID of one or more security groups to associate with the network interface for Auto Scaling Plans endpoint"
              },
              "auto_scaling_plans_endpoint_subnet_ids": {
                "default": [],
                "description": "The ID of one or more subnets in which to create a network interface for Auto Scaling Plans endpoint. Only a single subnet within an AZ is supported. Ifomitted, private subnets will be used."
              },
              "azs": {
                "default": [],
                "description": "A list of availability zones names or ids in the region"
              },
              "cidr": {
                "default": "0.0.0.0/0",
                "description": "The CIDR block for the VPC. Default value is a valid CIDR, but not acceptable by AWS and should be overridden"
              },
              "cloud_directory_endpoint_policy": {
                "default": null,
                "description": "A policy to attach to the endpoint that controls access to the service. Defaults to full access"
              },
              "cloud_directory_endpoint_private_dns_enabled": {
                "default": false,
                "description": "Whether or not to associate a private hosted zone with the specified VPC for Cloud Directory endpoint"
              },
              "cloud_directory_endpoint_security_group_ids": {
                "default": [],
                "description": "The ID of one or more security groups to associate with the network interface for Cloud Directory endpoint"
              },
              "cloud_directory_endpoint_subnet_ids": {
                "default": [],
                "description": "The ID of one or more subnets in which to create a network interface for Cloud Directory endpoint. Only a single subnet within an AZ is supported. Ifomitted, private subnets will be used."
              },
              "cloudformation_endpoint_private_dns_enabled": {
                "default": false,
                "description": "Whether or not to associate a private hosted zone with the specified VPC for Cloudformation endpoint"
              },
              "cloudformation_endpoint_security_group_ids": {
                "default": [],
                "description": "The ID of one or more security groups to associate with the network interface for Cloudformation endpoint"
              },
              "cloudformation_endpoint_subnet_ids": {
                "default": [],
                "description": "The ID of one or more subnets in which to create a network interface for Cloudformation endpoint. Only a single subnet within an AZ is supported. If omitted, private subnets will be used."
              },
              "cloudtrail_endpoint_private_dns_enabled": {
                "default": false,
                "description": "Whether or not to associate a private hosted zone with the specified VPC for CloudTrail endpoint"
              },
              "cloudtrail_endpoint_security_group_ids": {
                "default": [],
                "description": "The ID of one or more security groups to associate with the network interface for CloudTrail endpoint"
              },
              "cloudtrail_endpoint_subnet_ids": {
                "default": [],
                "description": "The ID of one or more subnets in which to create a network interface for CloudTrail endpoint. Only a single subnet within an AZ is supported. If omitted, private subnets will be used."
              },
              "codeartifact_api_endpoint_private_dns_enabled": {
                "default": false,
                "description": "Whether or not to associate a private hosted zone with the specified VPC for Codeartifact API endpoint"
              },
              "codeartifact_api_endpoint_security_group_ids": {
                "default": [],
                "description": "The ID of one or more security groups to associate with the network interface for Codeartifact API endpoint"
              },
              "codeartifact_api_endpoint_subnet_ids": {
                "default": [],
                "description": "The ID of one or more subnets in which to create a network interface for Codeartifact API endpoint. Only a single subnet within an AZ is supported. If omitted, private subnets will be used."
              },
              "codeartifact_repositories_endpoint_private_dns_enabled": {
                "default": false,
                "description": "Whether or not to associate a private hosted zone with the specified VPC for Codeartifact repositories endpoint"
              },
              "codeartifact_repositories_endpoint_security_group_ids": {
                "default": [],
                "description": "The ID of one or more security groups to associate with the network interface for Codeartifact repositories endpoint"
              },
              "codeartifact_repositories_endpoint_subnet_ids": {
                "default": [],
                "description": "The ID of one or more subnets in which to create a network interface for Codeartifact repositories endpoint. Only a single subnet within an AZ is supported. If omitted, private subnets will be used."
              },
              "codebuild_endpoint_policy": {
                "default": null,
                "description": "A policy to attach to the endpoint that controls access to the service. Defaults to full access"
              },
              "codebuild_endpoint_private_dns_enabled": {
                "default": false,
                "description": "Whether or not to associate a private hosted zone with the specified VPC for Codebuild endpoint"
              },
              "codebuild_endpoint_security_group_ids": {
                "default": [],
                "description": "The ID of one or more security groups to associate with the network interface for Codebuild endpoint"
              },
              "codebuild_endpoint_subnet_ids": {
                "default": [],
                "description": "The ID of one or more subnets in which to create a network interface for Codebuilt endpoint. Only a single subnet within an AZ is supported. If omitted, private subnets will be used."
              },
              "codecommit_endpoint_policy": {
                "default": null,
                "description": "A policy to attach to the endpoint that controls access to the service. Defaults to full access"
              },
              "codecommit_endpoint_private_dns_enabled": {
                "default": false,
                "description": "Whether or not to associate a private hosted zone with the specified VPC for Codecommit endpoint"
              },
              "codecommit_endpoint_security_group_ids": {
                "default": [],
                "description": "The ID of one or more security groups to associate with the network interface for Codecommit endpoint"
              },
              "codecommit_endpoint_subnet_ids": {
                "default": [],
                "description": "The ID of one or more subnets in which to create a network interface for Codecommit endpoint. Only a single subnet within an AZ is supported. If omitted, private subnets will be used."
              },
              "codedeploy_commands_secure_endpoint_private_dns_enabled": {
                "default": false,
                "description": "Whether or not to associate a private hosted zone with the specified VPC for CodeDeploy Commands Secure endpoint"
              },
              "codedeploy_commands_secure_endpoint_security_group_ids": {
                "default": [],
                "description": "The ID of one or more security groups to associate with the network interface for CodeDeploy Commands Secure endpoint"
              },
              "codedeploy_commands_secure_endpoint_subnet_ids": {
                "default": [],
                "description": "The ID of one or more subnets in which to create a network interface for CodeDeploy Commands Secure endpoint. Only a single subnet within an AZ is supported. If omitted, private subnets will be used."
              },
              "codedeploy_endpoint_private_dns_enabled": {
                "default": false,
                "description": "Whether or not to associate a private hosted zone with the specified VPC for CodeDeploy endpoint"
              },
              "codedeploy_endpoint_security_group_ids": {
                "default": [],
                "description": "The ID of one or more security groups to associate with the network interface for CodeDeploy endpoint"
              },
              "codedeploy_endpoint_subnet_ids": {
                "default": [],
                "description": "The ID of one or more subnets in which to create a network interface for CodeDeploy endpoint. Only a single subnet within an AZ is supported. If omitted, private subnets will be used."
              },
              "codepipeline_endpoint_private_dns_enabled": {
                "default": false,
                "description": "Whether or not to associate a private hosted zone with the specified VPC for CodePipeline endpoint"
              },
              "codepipeline_endpoint_security_group_ids": {
                "default": [],
                "description": "The ID of one or more security groups to associate with the network interface for CodePipeline endpoint"
              },
              "codepipeline_endpoint_subnet_ids": {
                "default": [],
                "description": "The ID of one or more subnets in which to create a network interface for CodePipeline endpoint. Only a single subnet within an AZ is supported. If omitted, private subnets will be used."
              },
              "config_endpoint_private_dns_enabled": {
                "default": false,
                "description": "Whether or not to associate a private hosted zone with the specified VPC for config endpoint"
              },
              "config_endpoint_security_group_ids": {
                "default": [],
                "description": "The ID of one or more security groups to associate with the network interface for config endpoint"
              },
              "config_endpoint_subnet_ids": {
                "default": [],
                "description": "The ID of one or more subnets in which to create a network interface for config endpoint. Only a single subnet within an AZ is supported. If omitted, private subnets will be used."
              },
              "create_database_internet_gateway_route": {
                "default": false,
                "description": "Controls if an internet gateway route for public database access should be created"
              },
              "create_database_nat_gateway_route": {
                "default": false,
                "description": "Controls if a nat gateway route should be created to give internet access to the database subnets"
              },
              "create_database_subnet_group": {
                "default": true,
                "description": "Controls if database subnet group should be created (n.b. database_subnets must also be set)"
              },
              "create_database_subnet_route_table": {
                "default": false,
                "description": "Controls if separate route table for database should be created"
              },
              "create_egress_only_igw": {
                "default": true,
                "description": "Controls if an Egress Only Internet Gateway is created and its related routes."
              },
              "create_elasticache_subnet_group": {
                "default": true,
                "description": "Controls if elasticache subnet group should be created"
              },
              "create_elasticache_subnet_route_table": {
                "default": false,
                "description": "Controls if separate route table for elasticache should be created"
              },
              "create_flow_log_cloudwatch_iam_role": {
                "default": false,
                "description": "Whether to create IAM role for VPC Flow Logs"
              },
              "create_flow_log_cloudwatch_log_group": {
                "default": false,
                "description": "Whether to create CloudWatch log group for VPC Flow Logs"
              },
              "create_igw": {
                "default": true,
                "description": "Controls if an Internet Gateway is created for public subnets and the related routes that connect them."
              },
              "create_redshift_subnet_group": {
                "default": true,
                "description": "Controls if redshift subnet group should be created"
              },
              "create_redshift_subnet_route_table": {
                "default": false,
                "description": "Controls if separate route table for redshift should be created"
              },
              "create_vpc": {
                "default": true,
                "description": "Controls if VPC should be created (it affects almost all resources)"
              },
              "customer_gateway_tags": {
                "default": {},
                "description": "Additional tags for the Customer Gateway"
              },
              "customer_gateways": {
                "default": {},
                "description": "Maps of Customer Gateway's attributes (BGP ASN and Gateway's Internet-routable external IP address)"
              },
              "database_acl_tags": {
                "default": {},
                "description": "Additional tags for the database subnets network ACL"
              },
              "database_dedicated_network_acl": {
                "default": false,
                "description": "Whether to use dedicated network ACL (not default) and custom rules for database subnets"
              },
              "database_inbound_acl_rules": {
                "default": [
                  {
                    "cidr_block": "0.0.0.0/0",
                    "from_port": "0",
                    "protocol": "-1",
                    "rule_action": "allow",
                    "rule_number": "100",
                    "to_port": "0"
                  }
                ],
                "description": "Database subnets inbound network ACL rules"
              },
              "database_outbound_acl_rules": {
                "default": [
                  {
                    "cidr_block": "0.0.0.0/0",
                    "from_port": "0",
                    "protocol": "-1",
                    "rule_action": "allow",
                    "rule_number": "100",
                    "to_port": "0"
                  }
                ],
                "description": "Database subnets outbound network ACL rules"
              },
              "database_route_table_tags": {
                "default": {},
                "description": "Additional tags for the database route tables"
              },
              "database_subnet_assign_ipv6_address_on_creation": {
                "default": null,
                "description": "Assign IPv6 address on database subnet, must be disabled to change IPv6 CIDRs. This is the IPv6 equivalent of map_public_ip_on_launch"
              },
              "database_subnet_group_tags": {
                "default": {},
                "description": "Additional tags for the database subnet group"
              },
              "database_subnet_ipv6_prefixes": {
                "default": [],
                "description": "Assigns IPv6 database subnet id based on the Amazon provided /56 prefix base 10 integer (0-256). Must be of equal length to the corresponding IPv4 subnet list"
              },
              "database_subnet_suffix": {
                "default": "db",
                "description": "Suffix to append to database subnets name"
              },
              "database_subnet_tags": {
                "default": {},
                "description": "Additional tags for the database subnets"
              },
              "database_subnets": {
                "default": [],
                "description": "A list of database subnets"
              },
              "datasync_endpoint_private_dns_enabled": {
                "default": false,
                "description": "Whether or not to associate a private hosted zone with the specified VPC for Data Sync endpoint"
              },
              "datasync_endpoint_security_group_ids": {
                "default": [],
                "description": "The ID of one or more security groups to associate with the network interface for Data Sync endpoint"
              },
              "datasync_endpoint_subnet_ids": {
                "default": [],
                "description": "The ID of one or more subnets in which to create a network interface for Data Sync endpoint. Only a single subnet within an AZ is supported. Ifomitted, private subnets will be used."
              },
              "default_network_acl_egress": {
                "default": [
                  {
                    "action": "allow",
                    "cidr_block": "0.0.0.0/0",
                    "from_port": "0",
                    "protocol": "-1",
                    "rule_no": "100",
                    "to_port": "0"
                  },
                  {
                    "action": "allow",
                    "from_port": "0",
                    "ipv6_cidr_block": "::/0",
                    "protocol": "-1",
                    "rule_no": "101",
                    "to_port": "0"
                  }
                ],
                "description": "List of maps of egress rules to set on the Default Network ACL"
              },
              "default_network_acl_ingress": {
                "default": [
                  {
                    "action": "allow",
                    "cidr_block": "0.0.0.0/0",
                    "from_port": "0",
                    "protocol": "-1",
                    "rule_no": "100",
                    "to_port": "0"
                  },
                  {
                    "action": "allow",
                    "from_port": "0",
                    "ipv6_cidr_block": "::/0",
                    "protocol": "-1",
                    "rule_no": "101",
                    "to_port": "0"
                  }
                ],
                "description": "List of maps of ingress rules to set on the Default Network ACL"
              },
              "default_network_acl_name": {
                "default": "",
                "description": "Name to be used on the Default Network ACL"
              },
              "default_network_acl_tags": {
                "default": {},
                "description": "Additional tags for the Default Network ACL"
              },
              "default_route_table_propagating_vgws": {
                "default": [],
                "description": "List of virtual gateways for propagation"
              },
              "default_route_table_routes": {
                "default": [],
                "description": "Configuration block of routes. See https://registry.terraform.io/providers/hashicorp/aws/latest/docs/resources/default_route_table#route"
              },
              "default_route_table_tags": {
                "default": {},
                "description": "Additional tags for the default route table"
              },
              "default_security_group_egress": {
                "default": null,
                "description": "List of maps of egress rules to set on the default security group"
              },
              "default_security_group_ingress": {
                "default": null,
                "description": "List of maps of ingress rules to set on the default security group"
              },
              "default_security_group_name": {
                "default": "default",
                "description": "Name to be used on the default security group"
              },
              "default_security_group_tags": {
                "default": {},
                "description": "Additional tags for the default security group"
              },
              "default_vpc_enable_classiclink": {
                "default": false,
                "description": "Should be true to enable ClassicLink in the Default VPC"
              },
              "default_vpc_enable_dns_hostnames": {
                "default": false,
                "description": "Should be true to enable DNS hostnames in the Default VPC"
              },
              "default_vpc_enable_dns_support": {
                "default": true,
                "description": "Should be true to enable DNS support in the Default VPC"
              },
              "default_vpc_name": {
                "default": "",
                "description": "Name to be used on the Default VPC"
              },
              "default_vpc_tags": {
                "default": {},
                "description": "Additional tags for the Default VPC"
              },
              "dhcp_options_domain_name": {
                "default": "",
                "description": "Specifies DNS name for DHCP options set (requires enable_dhcp_options set to true)"
              },
              "dhcp_options_domain_name_servers": {
                "default": [
                  "AmazonProvidedDNS"
                ],
                "description": "Specify a list of DNS server addresses for DHCP options set, default to AWS provided (requires enable_dhcp_options set to true)"
              },
              "dhcp_options_netbios_name_servers": {
                "default": [],
                "description": "Specify a list of netbios servers for DHCP options set (requires enable_dhcp_options set to true)"
              },
              "dhcp_options_netbios_node_type": {
                "default": "",
                "description": "Specify netbios node_type for DHCP options set (requires enable_dhcp_options set to true)"
              },
              "dhcp_options_ntp_servers": {
                "default": [],
                "description": "Specify a list of NTP servers for DHCP options set (requires enable_dhcp_options set to true)"
              },
              "dhcp_options_tags": {
                "default": {},
                "description": "Additional tags for the DHCP option set (requires enable_dhcp_options set to true)"
              },
              "dms_endpoint_private_dns_enabled": {
                "default": false,
                "description": "Whether or not to associate a private hosted zone with the specified VPC for DMS endpoint"
              },
              "dms_endpoint_security_group_ids": {
                "default": [],
                "description": "The ID of one or more security groups to associate with the network interface for DMS endpoint"
              },
              "dms_endpoint_subnet_ids": {
                "default": [],
                "description": "The ID of one or more subnets in which to create a network interface for DMS endpoint. Only a single subnet within an AZ is supported. If omitted, private subnets will be used."
              },
              "dynamodb_endpoint_policy": {
                "default": null,
                "description": "A policy to attach to the endpoint that controls access to the service. Defaults to full access"
              },
              "dynamodb_endpoint_private_dns_enabled": {
                "default": false,
                "description": "Whether or not to associate a private hosted zone with the specified VPC for DynamoDB interface endpoint"
              },
              "dynamodb_endpoint_security_group_ids": {
                "default": [],
                "description": "The ID of one or more security groups to associate with the network interface for DynamoDB interface endpoint"
              },
              "dynamodb_endpoint_subnet_ids": {
                "default": [],
                "description": "The ID of one or more subnets in which to create a network interface for DynamoDB interface endpoint. Only a single subnet within an AZ is supported. If omitted, private subnets will be used."
              },
              "dynamodb_endpoint_type": {
                "default": "Gateway",
                "description": "DynamoDB VPC endpoint type. Note - DynamoDB Interface type support is not yet available"
              },
              "ebs_endpoint_private_dns_enabled": {
                "default": false,
                "description": "Whether or not to associate a private hosted zone with the specified VPC for EBS endpoint"
              },
              "ebs_endpoint_security_group_ids": {
                "default": [],
                "description": "The ID of one or more security groups to associate with the network interface for EBS endpoint"
              },
              "ebs_endpoint_subnet_ids": {
                "default": [],
                "description": "The ID of one or more subnets in which to create a network interface for EBS endpoint. Only a single subnet within an AZ is supported. Ifomitted, private subnets will be used."
              },
              "ec2_autoscaling_endpoint_policy": {
                "default": null,
                "description": "A policy to attach to the endpoint that controls access to the service. Defaults to full access"
              },
              "ec2_autoscaling_endpoint_private_dns_enabled": {
                "default": false,
                "description": "Whether or not to associate a private hosted zone with the specified VPC for EC2 Autoscaling endpoint"
              },
              "ec2_autoscaling_endpoint_security_group_ids": {
                "default": [],
                "description": "The ID of one or more security groups to associate with the network interface for EC2 Autoscaling endpoint"
              },
              "ec2_autoscaling_endpoint_subnet_ids": {
                "default": [],
                "description": "The ID of one or more subnets in which to create a network interface for EC2 Autoscaling endpoint. Only a single subnet within an AZ is supported. If omitted, private subnets will be used."
              },
              "ec2_endpoint_policy": {
                "default": null,
                "description": "A policy to attach to the endpoint that controls access to the service. Defaults to full access"
              },
              "ec2_endpoint_private_dns_enabled": {
                "default": false,
                "description": "Whether or not to associate a private hosted zone with the specified VPC for EC2 endpoint"
              },
              "ec2_endpoint_security_group_ids": {
                "default": [],
                "description": "The ID of one or more security groups to associate with the network interface for EC2 endpoint"
              },
              "ec2_endpoint_subnet_ids": {
                "default": [],
                "description": "The ID of one or more subnets in which to create a network interface for EC2 endpoint. Only a single subnet within an AZ is supported. If omitted, private subnets will be used."
              },
              "ec2messages_endpoint_private_dns_enabled": {
                "default": false,
                "description": "Whether or not to associate a private hosted zone with the specified VPC for EC2MESSAGES endpoint"
              },
              "ec2messages_endpoint_security_group_ids": {
                "default": [],
                "description": "The ID of one or more security groups to associate with the network interface for EC2MESSAGES endpoint"
              },
              "ec2messages_endpoint_subnet_ids": {
                "default": [],
                "description": "The ID of one or more subnets in which to create a network interface for EC2MESSAGES endpoint. Only a single subnet within an AZ is supported. If omitted, private subnets will be used."
              },
              "ecr_api_endpoint_policy": {
                "default": null,
                "description": "A policy to attach to the endpoint that controls access to the service. Defaults to full access"
              },
              "ecr_api_endpoint_private_dns_enabled": {
                "default": false,
                "description": "Whether or not to associate a private hosted zone with the specified VPC for ECR API endpoint"
              },
              "ecr_api_endpoint_security_group_ids": {
                "default": [],
                "description": "The ID of one or more security groups to associate with the network interface for ECR API endpoint"
              },
              "ecr_api_endpoint_subnet_ids": {
                "default": [],
                "description": "The ID of one or more subnets in which to create a network interface for ECR api endpoint. If omitted, private subnets will be used."
              },
              "ecr_dkr_endpoint_policy": {
                "default": null,
                "description": "A policy to attach to the endpoint that controls access to the service. Defaults to full access"
              },
              "ecr_dkr_endpoint_private_dns_enabled": {
                "default": false,
                "description": "Whether or not to associate a private hosted zone with the specified VPC for ECR DKR endpoint"
              },
              "ecr_dkr_endpoint_security_group_ids": {
                "default": [],
                "description": "The ID of one or more security groups to associate with the network interface for ECR DKR endpoint"
              },
              "ecr_dkr_endpoint_subnet_ids": {
                "default": [],
                "description": "The ID of one or more subnets in which to create a network interface for ECR dkr endpoint. If omitted, private subnets will be used."
              },
              "ecs_agent_endpoint_private_dns_enabled": {
                "default": false,
                "description": "Whether or not to associate a private hosted zone with the specified VPC for ECS Agent endpoint"
              },
              "ecs_agent_endpoint_security_group_ids": {
                "default": [],
                "description": "The ID of one or more security groups to associate with the network interface for ECS Agent endpoint"
              },
              "ecs_agent_endpoint_subnet_ids": {
                "default": [],
                "description": "The ID of one or more subnets in which to create a network interface for ECS Agent endpoint. Only a single subnet within an AZ is supported. If omitted, private subnets will be used."
              },
              "ecs_endpoint_private_dns_enabled": {
                "default": false,
                "description": "Whether or not to associate a private hosted zone with the specified VPC for ECS endpoint"
              },
              "ecs_endpoint_security_group_ids": {
                "default": [],
                "description": "The ID of one or more security groups to associate with the network interface for ECS endpoint"
              },
              "ecs_endpoint_subnet_ids": {
                "default": [],
                "description": "The ID of one or more subnets in which to create a network interface for ECS endpoint. Only a single subnet within an AZ is supported. If omitted, private subnets will be used."
              },
              "ecs_telemetry_endpoint_private_dns_enabled": {
                "default": false,
                "description": "Whether or not to associate a private hosted zone with the specified VPC for ECS Telemetry endpoint"
              },
              "ecs_telemetry_endpoint_security_group_ids": {
                "default": [],
                "description": "The ID of one or more security groups to associate with the network interface for ECS Telemetry endpoint"
              },
              "ecs_telemetry_endpoint_subnet_ids": {
                "default": [],
                "description": "The ID of one or more subnets in which to create a network interface for ECS Telemetry endpoint. Only a single subnet within an AZ is supported. If omitted, private subnets will be used."
              },
              "efs_endpoint_policy": {
                "default": null,
                "description": "A policy to attach to the endpoint that controls access to the service. Defaults to full access"
              },
              "efs_endpoint_private_dns_enabled": {
                "default": false,
                "description": "Whether or not to associate a private hosted zone with the specified VPC for EFS endpoint"
              },
              "efs_endpoint_security_group_ids": {
                "default": [],
                "description": "The ID of one or more security groups to associate with the network interface for EFS endpoint"
              },
              "efs_endpoint_subnet_ids": {
                "default": [],
                "description": "The ID of one or more subnets in which to create a network interface for EFS endpoint. Only a single subnet within an AZ is supported. Ifomitted, private subnets will be used."
              },
              "elastic_inference_runtime_endpoint_private_dns_enabled": {
                "default": false,
                "description": "Whether or not to associate a private hosted zone with the specified VPC for Elastic Inference Runtime endpoint"
              },
              "elastic_inference_runtime_endpoint_security_group_ids": {
                "default": [],
                "description": "The ID of one or more security groups to associate with the network interface for Elastic Inference Runtime endpoint"
              },
              "elastic_inference_runtime_endpoint_subnet_ids": {
                "default": [],
                "description": "The ID of one or more subnets in which to create a network interface for Elastic Inference Runtime endpoint. Only a single subnet within an AZ is supported. Ifomitted, private subnets will be used."
              },
              "elasticache_acl_tags": {
                "default": {},
                "description": "Additional tags for the elasticache subnets network ACL"
              },
              "elasticache_dedicated_network_acl": {
                "default": false,
                "description": "Whether to use dedicated network ACL (not default) and custom rules for elasticache subnets"
              },
              "elasticache_inbound_acl_rules": {
                "default": [
                  {
                    "cidr_block": "0.0.0.0/0",
                    "from_port": "0",
                    "protocol": "-1",
                    "rule_action": "allow",
                    "rule_number": "100",
                    "to_port": "0"
                  }
                ],
                "description": "Elasticache subnets inbound network ACL rules"
              },
              "elasticache_outbound_acl_rules": {
                "default": [
                  {
                    "cidr_block": "0.0.0.0/0",
                    "from_port": "0",
                    "protocol": "-1",
                    "rule_action": "allow",
                    "rule_number": "100",
                    "to_port": "0"
                  }
                ],
                "description": "Elasticache subnets outbound network ACL rules"
              },
              "elasticache_route_table_tags": {
                "default": {},
                "description": "Additional tags for the elasticache route tables"
              },
              "elasticache_subnet_assign_ipv6_address_on_creation": {
                "default": null,
                "description": "Assign IPv6 address on elasticache subnet, must be disabled to change IPv6 CIDRs. This is the IPv6 equivalent of map_public_ip_on_launch"
              },
              "elasticache_subnet_ipv6_prefixes": {
                "default": [],
                "description": "Assigns IPv6 elasticache subnet id based on the Amazon provided /56 prefix base 10 integer (0-256). Must be of equal length to the corresponding IPv4 subnet list"
              },
              "elasticache_subnet_suffix": {
                "default": "elasticache",
                "description": "Suffix to append to elasticache subnets name"
              },
              "elasticache_subnet_tags": {
                "default": {},
                "description": "Additional tags for the elasticache subnets"
              },
              "elasticache_subnets": {
                "default": [],
                "description": "A list of elasticache subnets"
              },
              "elasticbeanstalk_endpoint_policy": {
                "default": null,
                "description": "A policy to attach to the endpoint that controls access to the service. Defaults to full access"
              },
              "elasticbeanstalk_endpoint_private_dns_enabled": {
                "default": false,
                "description": "Whether or not to associate a private hosted zone with the specified VPC for Elastic Beanstalk endpoint"
              },
              "elasticbeanstalk_endpoint_security_group_ids": {
                "default": [],
                "description": "The ID of one or more security groups to associate with the network interface for Elastic Beanstalk endpoint"
              },
              "elasticbeanstalk_endpoint_subnet_ids": {
                "default": [],
                "description": "The ID of one or more subnets in which to create a network interface for Elastic Beanstalk endpoint. Only a single subnet within an AZ is supported. If omitted, private subnets will be used."
              },
              "elasticbeanstalk_health_endpoint_private_dns_enabled": {
                "default": false,
                "description": "Whether or not to associate a private hosted zone with the specified VPC for Elastic Beanstalk Health endpoint"
              },
              "elasticbeanstalk_health_endpoint_security_group_ids": {
                "default": [],
                "description": "The ID of one or more security groups to associate with the network interface for Elastic Beanstalk Health endpoint"
              },
              "elasticbeanstalk_health_endpoint_subnet_ids": {
                "default": [],
                "description": "The ID of one or more subnets in which to create a network interface for Elastic Beanstalk Health endpoint. Only a single subnet within an AZ is supported. If omitted, private subnets will be used."
              },
              "elasticloadbalancing_endpoint_policy": {
                "default": null,
                "description": "A policy to attach to the endpoint that controls access to the service. Defaults to full access"
              },
              "elasticloadbalancing_endpoint_private_dns_enabled": {
                "default": false,
                "description": "Whether or not to associate a private hosted zone with the specified VPC for Elastic Load Balancing endpoint"
              },
              "elasticloadbalancing_endpoint_security_group_ids": {
                "default": [],
                "description": "The ID of one or more security groups to associate with the network interface for Elastic Load Balancing endpoint"
              },
              "elasticloadbalancing_endpoint_subnet_ids": {
                "default": [],
                "description": "The ID of one or more subnets in which to create a network interface for Elastic Load Balancing endpoint. Only a single subnet within an AZ is supported. If omitted, private subnets will be used."
              },
              "emr_endpoint_policy": {
                "default": null,
                "description": "A policy to attach to the endpoint that controls access to the service. Defaults to full access"
              },
              "emr_endpoint_private_dns_enabled": {
                "default": false,
                "description": "Whether or not to associate a private hosted zone with the specified VPC for EMR endpoint"
              },
              "emr_endpoint_security_group_ids": {
                "default": [],
                "description": "The ID of one or more security groups to associate with the network interface for EMR endpoint"
              },
              "emr_endpoint_subnet_ids": {
                "default": [],
                "description": "The ID of one or more subnets in which to create a network interface for EMR endpoint. Only a single subnet within an AZ is supported. Ifomitted, private subnets will be used."
              },
              "enable_access_analyzer_endpoint": {
                "default": false,
                "description": "Should be true if you want to provision an Access Analyzer endpoint to the VPC"
              },
              "enable_acm_pca_endpoint": {
                "default": false,
                "description": "Should be true if you want to provision an ACM PCA endpoint to the VPC"
              },
              "enable_apigw_endpoint": {
                "default": false,
                "description": "Should be true if you want to provision an api gateway endpoint to the VPC"
              },
              "enable_appmesh_envoy_management_endpoint": {
                "default": false,
                "description": "Should be true if you want to provision a AppMesh endpoint to the VPC"
              },
              "enable_appstream_api_endpoint": {
                "default": false,
                "description": "Should be true if you want to provision a AppStream API endpoint to the VPC"
              },
              "enable_appstream_streaming_endpoint": {
                "default": false,
                "description": "Should be true if you want to provision a AppStream Streaming endpoint to the VPC"
              },
              "enable_athena_endpoint": {
                "default": false,
                "description": "Should be true if you want to provision a Athena endpoint to the VPC"
              },
              "enable_auto_scaling_plans_endpoint": {
                "default": false,
                "description": "Should be true if you want to provision an Auto Scaling Plans endpoint to the VPC"
              },
              "enable_classiclink": {
                "default": null,
                "description": "Should be true to enable ClassicLink for the VPC. Only valid in regions and accounts that support EC2 Classic."
              },
              "enable_classiclink_dns_support": {
                "default": null,
                "description": "Should be true to enable ClassicLink DNS Support for the VPC. Only valid in regions and accounts that support EC2 Classic."
              },
              "enable_cloud_directory_endpoint": {
                "default": false,
                "description": "Should be true if you want to provision an Cloud Directory endpoint to the VPC"
              },
              "enable_cloudformation_endpoint": {
                "default": false,
                "description": "Should be true if you want to provision a Cloudformation endpoint to the VPC"
              },
              "enable_cloudtrail_endpoint": {
                "default": false,
                "description": "Should be true if you want to provision a CloudTrail endpoint to the VPC"
              },
              "enable_codeartifact_api_endpoint": {
                "default": false,
                "description": "Should be true if you want to provision an Codeartifact API endpoint to the VPC"
              },
              "enable_codeartifact_repositories_endpoint": {
                "default": false,
                "description": "Should be true if you want to provision an Codeartifact repositories endpoint to the VPC"
              },
              "enable_codebuild_endpoint": {
                "default": false,
                "description": "Should be true if you want to provision an Codebuild endpoint to the VPC"
              },
              "enable_codecommit_endpoint": {
                "default": false,
                "description": "Should be true if you want to provision an Codecommit endpoint to the VPC"
              },
              "enable_codedeploy_commands_secure_endpoint": {
                "default": false,
                "description": "Should be true if you want to provision an CodeDeploy Commands Secure endpoint to the VPC"
              },
              "enable_codedeploy_endpoint": {
                "default": false,
                "description": "Should be true if you want to provision an CodeDeploy endpoint to the VPC"
              },
              "enable_codepipeline_endpoint": {
                "default": false,
                "description": "Should be true if you want to provision a CodePipeline endpoint to the VPC"
              },
              "enable_config_endpoint": {
                "default": false,
                "description": "Should be true if you want to provision an config endpoint to the VPC"
              },
              "enable_datasync_endpoint": {
                "default": false,
                "description": "Should be true if you want to provision an Data Sync endpoint to the VPC"
              },
              "enable_dhcp_options": {
                "default": false,
                "description": "Should be true if you want to specify a DHCP options set with a custom domain name, DNS servers, NTP servers, netbios servers, and/or netbios server type"
              },
              "enable_dms_endpoint": {
                "default": false,
                "description": "Should be true if you want to provision a DMS endpoint to the VPC"
              },
              "enable_dns_hostnames": {
                "default": false,
                "description": "Should be true to enable DNS hostnames in the VPC"
              },
              "enable_dns_support": {
                "default": true,
                "description": "Should be true to enable DNS support in the VPC"
              },
              "enable_dynamodb_endpoint": {
                "default": false,
                "description": "Should be true if you want to provision a DynamoDB endpoint to the VPC"
              },
              "enable_ebs_endpoint": {
                "default": false,
                "description": "Should be true if you want to provision an EBS endpoint to the VPC"
              },
              "enable_ec2_autoscaling_endpoint": {
                "default": false,
                "description": "Should be true if you want to provision an EC2 Autoscaling endpoint to the VPC"
              },
              "enable_ec2_endpoint": {
                "default": false,
                "description": "Should be true if you want to provision an EC2 endpoint to the VPC"
              },
              "enable_ec2messages_endpoint": {
                "default": false,
                "description": "Should be true if you want to provision an EC2MESSAGES endpoint to the VPC"
              },
              "enable_ecr_api_endpoint": {
                "default": false,
                "description": "Should be true if you want to provision an ecr api endpoint to the VPC"
              },
              "enable_ecr_dkr_endpoint": {
                "default": false,
                "description": "Should be true if you want to provision an ecr dkr endpoint to the VPC"
              },
              "enable_ecs_agent_endpoint": {
                "default": false,
                "description": "Should be true if you want to provision a ECS Agent endpoint to the VPC"
              },
              "enable_ecs_endpoint": {
                "default": false,
                "description": "Should be true if you want to provision a ECS endpoint to the VPC"
              },
              "enable_ecs_telemetry_endpoint": {
                "default": false,
                "description": "Should be true if you want to provision a ECS Telemetry endpoint to the VPC"
              },
              "enable_efs_endpoint": {
                "default": false,
                "description": "Should be true if you want to provision an EFS endpoint to the VPC"
              },
              "enable_elastic_inference_runtime_endpoint": {
                "default": false,
                "description": "Should be true if you want to provision an Elastic Inference Runtime endpoint to the VPC"
              },
              "enable_elasticbeanstalk_endpoint": {
                "default": false,
                "description": "Should be true if you want to provision a Elastic Beanstalk endpoint to the VPC"
              },
              "enable_elasticbeanstalk_health_endpoint": {
                "default": false,
                "description": "Should be true if you want to provision a Elastic Beanstalk Health endpoint to the VPC"
              },
              "enable_elasticloadbalancing_endpoint": {
                "default": false,
                "description": "Should be true if you want to provision a Elastic Load Balancing endpoint to the VPC"
              },
              "enable_emr_endpoint": {
                "default": false,
                "description": "Should be true if you want to provision an EMR endpoint to the VPC"
              },
              "enable_events_endpoint": {
                "default": false,
                "description": "Should be true if you want to provision a CloudWatch Events endpoint to the VPC"
              },
              "enable_flow_log": {
                "default": false,
                "description": "Whether or not to enable VPC Flow Logs"
              },
              "enable_git_codecommit_endpoint": {
                "default": false,
                "description": "Should be true if you want to provision an Git Codecommit endpoint to the VPC"
              },
              "enable_glue_endpoint": {
                "default": false,
                "description": "Should be true if you want to provision a Glue endpoint to the VPC"
              },
              "enable_ipv6": {
                "default": false,
                "description": "Requests an Amazon-provided IPv6 CIDR block with a /56 prefix length for the VPC. You cannot specify the range of IP addresses, or the size of the CIDR block."
              },
              "enable_kinesis_firehose_endpoint": {
                "default": false,
                "description": "Should be true if you want to provision a Kinesis Firehose endpoint to the VPC"
              },
              "enable_kinesis_streams_endpoint": {
                "default": false,
                "description": "Should be true if you want to provision a Kinesis Streams endpoint to the VPC"
              },
              "enable_kms_endpoint": {
                "default": false,
                "description": "Should be true if you want to provision a KMS endpoint to the VPC"
              },
              "enable_lambda_endpoint": {
                "default": false,
                "description": "Should be true if you want to provision a Lambda endpoint to the VPC"
              },
              "enable_logs_endpoint": {
                "default": false,
                "description": "Should be true if you want to provision a CloudWatch Logs endpoint to the VPC"
              },
              "enable_monitoring_endpoint": {
                "default": false,
                "description": "Should be true if you want to provision a CloudWatch Monitoring endpoint to the VPC"
              },
              "enable_nat_gateway": {
                "default": false,
                "description": "Should be true if you want to provision NAT Gateways for each of your private networks"
              },
              "enable_public_redshift": {
                "default": false,
                "description": "Controls if redshift should have public routing table"
              },
              "enable_public_s3_endpoint": {
                "default": true,
                "description": "Whether to enable S3 VPC Endpoint for public subnets"
              },
              "enable_qldb_session_endpoint": {
                "default": false,
                "description": "Should be true if you want to provision an QLDB Session endpoint to the VPC"
              },
              "enable_rds_endpoint": {
                "default": false,
                "description": "Should be true if you want to provision an RDS endpoint to the VPC"
              },
              "enable_rekognition_endpoint": {
                "default": false,
                "description": "Should be true if you want to provision a Rekognition endpoint to the VPC"
              },
              "enable_s3_endpoint": {
                "default": false,
                "description": "Should be true if you want to provision an S3 endpoint to the VPC"
              },
              "enable_sagemaker_api_endpoint": {
                "default": false,
                "description": "Should be true if you want to provision a SageMaker API endpoint to the VPC"
              },
              "enable_sagemaker_notebook_endpoint": {
                "default": false,
                "description": "Should be true if you want to provision a Sagemaker Notebook endpoint to the VPC"
              },
              "enable_sagemaker_runtime_endpoint": {
                "default": false,
                "description": "Should be true if you want to provision a SageMaker Runtime endpoint to the VPC"
              },
              "enable_secretsmanager_endpoint": {
                "default": false,
                "description": "Should be true if you want to provision an Secrets Manager endpoint to the VPC"
              },
              "enable_servicecatalog_endpoint": {
                "default": false,
                "description": "Should be true if you want to provision a Service Catalog endpoint to the VPC"
              },
              "enable_ses_endpoint": {
                "default": false,
                "description": "Should be true if you want to provision an SES endpoint to the VPC"
              },
              "enable_sms_endpoint": {
                "default": false,
                "description": "Should be true if you want to provision an SMS endpoint to the VPC"
              },
              "enable_sns_endpoint": {
                "default": false,
                "description": "Should be true if you want to provision a SNS endpoint to the VPC"
              },
              "enable_sqs_endpoint": {
                "default": false,
                "description": "Should be true if you want to provision an SQS endpoint to the VPC"
              },
              "enable_ssm_endpoint": {
                "default": false,
                "description": "Should be true if you want to provision an SSM endpoint to the VPC"
              },
              "enable_ssmmessages_endpoint": {
                "default": false,
                "description": "Should be true if you want to provision a SSMMESSAGES endpoint to the VPC"
              },
              "enable_states_endpoint": {
                "default": false,
                "description": "Should be true if you want to provision a Step Function endpoint to the VPC"
              },
              "enable_storagegateway_endpoint": {
                "default": false,
                "description": "Should be true if you want to provision a Storage Gateway endpoint to the VPC"
              },
              "enable_sts_endpoint": {
                "default": false,
                "description": "Should be true if you want to provision a STS endpoint to the VPC"
              },
              "enable_textract_endpoint": {
                "default": false,
                "description": "Should be true if you want to provision an Textract endpoint to the VPC"
              },
              "enable_transfer_endpoint": {
                "default": false,
                "description": "Should be true if you want to provision a Transfer endpoint to the VPC"
              },
              "enable_transferserver_endpoint": {
                "default": false,
                "description": "Should be true if you want to provision a Transfer Server endpoint to the VPC"
              },
              "enable_vpn_gateway": {
                "default": false,
                "description": "Should be true if you want to create a new VPN Gateway resource and attach it to the VPC"
              },
              "enable_workspaces_endpoint": {
                "default": false,
                "description": "Should be true if you want to provision an Workspaces endpoint to the VPC"
              },
              "events_endpoint_policy": {
                "default": null,
                "description": "A policy to attach to the endpoint that controls access to the service. Defaults to full access"
              },
              "events_endpoint_private_dns_enabled": {
                "default": false,
                "description": "Whether or not to associate a private hosted zone with the specified VPC for CloudWatch Events endpoint"
              },
              "events_endpoint_security_group_ids": {
                "default": [],
                "description": "The ID of one or more security groups to associate with the network interface for CloudWatch Events endpoint"
              },
              "events_endpoint_subnet_ids": {
                "default": [],
                "description": "The ID of one or more subnets in which to create a network interface for CloudWatch Events endpoint. Only a single subnet within an AZ is supported. If omitted, private subnets will be used."
              },
              "external_nat_ip_ids": {
                "default": [],
                "description": "List of EIP IDs to be assigned to the NAT Gateways (used in combination with reuse_nat_ips)"
              },
              "external_nat_ips": {
                "default": [],
                "description": "List of EIPs to be used for `nat_public_ips` output (used in combination with reuse_nat_ips and external_nat_ip_ids)"
              },
              "flow_log_cloudwatch_iam_role_arn": {
                "default": "",
                "description": "The ARN for the IAM role that's used to post flow logs to a CloudWatch Logs log group. When flow_log_destination_arn is set to ARN of Cloudwatch Logs, this argument needs to be provided."
              },
              "flow_log_cloudwatch_log_group_kms_key_id": {
                "default": null,
                "description": "The ARN of the KMS Key to use when encrypting log data for VPC flow logs."
              },
              "flow_log_cloudwatch_log_group_name_prefix": {
                "default": "/aws/vpc-flow-log/",
                "description": "Specifies the name prefix of CloudWatch Log Group for VPC flow logs."
              },
              "flow_log_cloudwatch_log_group_retention_in_days": {
                "default": null,
                "description": "Specifies the number of days you want to retain log events in the specified log group for VPC flow logs."
              },
              "flow_log_destination_arn": {
                "default": "",
                "description": "The ARN of the CloudWatch log group or S3 bucket where VPC Flow Logs will be pushed. If this ARN is a S3 bucket the appropriate permissions need to be set on that bucket's policy. When create_flow_log_cloudwatch_log_group is set to false this argument must be provided."
              },
              "flow_log_destination_type": {
                "default": "cloud-watch-logs",
                "description": "Type of flow log destination. Can be s3 or cloud-watch-logs."
              },
              "flow_log_log_format": {
                "default": null,
                "description": "The fields to include in the flow log record, in the order in which they should appear."
              },
              "flow_log_max_aggregation_interval": {
                "default": 600,
                "description": "The maximum interval of time during which a flow of packets is captured and aggregated into a flow log record. Valid Values: `60` seconds or `600` seconds."
              },
              "flow_log_traffic_type": {
                "default": "ALL",
                "description": "The type of traffic to capture. Valid values: ACCEPT, REJECT, ALL."
              },
              "git_codecommit_endpoint_private_dns_enabled": {
                "default": false,
                "description": "Whether or not to associate a private hosted zone with the specified VPC for Git Codecommit endpoint"
              },
              "git_codecommit_endpoint_security_group_ids": {
                "default": [],
                "description": "The ID of one or more security groups to associate with the network interface for Git Codecommit endpoint"
              },
              "git_codecommit_endpoint_subnet_ids": {
                "default": [],
                "description": "The ID of one or more subnets in which to create a network interface for Git Codecommit endpoint. Only a single subnet within an AZ is supported. If omitted, private subnets will be used."
              },
              "glue_endpoint_private_dns_enabled": {
                "default": false,
                "description": "Whether or not to associate a private hosted zone with the specified VPC for Glue endpoint"
              },
              "glue_endpoint_security_group_ids": {
                "default": [],
                "description": "The ID of one or more security groups to associate with the network interface for Glue endpoint"
              },
              "glue_endpoint_subnet_ids": {
                "default": [],
                "description": "The ID of one or more subnets in which to create a network interface for Glue endpoint. Only a single subnet within an AZ is supported. If omitted, private subnets will be used."
              },
              "igw_tags": {
                "default": {},
                "description": "Additional tags for the internet gateway"
              },
              "instance_tenancy": {
                "default": "default",
                "description": "A tenancy option for instances launched into the VPC"
              },
              "intra_acl_tags": {
                "default": {},
                "description": "Additional tags for the intra subnets network ACL"
              },
              "intra_dedicated_network_acl": {
                "default": false,
                "description": "Whether to use dedicated network ACL (not default) and custom rules for intra subnets"
              },
              "intra_inbound_acl_rules": {
                "default": [
                  {
                    "cidr_block": "0.0.0.0/0",
                    "from_port": "0",
                    "protocol": "-1",
                    "rule_action": "allow",
                    "rule_number": "100",
                    "to_port": "0"
                  }
                ],
                "description": "Intra subnets inbound network ACLs"
              },
              "intra_outbound_acl_rules": {
                "default": [
                  {
                    "cidr_block": "0.0.0.0/0",
                    "from_port": "0",
                    "protocol": "-1",
                    "rule_action": "allow",
                    "rule_number": "100",
                    "to_port": "0"
                  }
                ],
                "description": "Intra subnets outbound network ACLs"
              },
              "intra_route_table_tags": {
                "default": {},
                "description": "Additional tags for the intra route tables"
              },
              "intra_subnet_assign_ipv6_address_on_creation": {
                "default": null,
                "description": "Assign IPv6 address on intra subnet, must be disabled to change IPv6 CIDRs. This is the IPv6 equivalent of map_public_ip_on_launch"
              },
              "intra_subnet_ipv6_prefixes": {
                "default": [],
                "description": "Assigns IPv6 intra subnet id based on the Amazon provided /56 prefix base 10 integer (0-256). Must be of equal length to the corresponding IPv4 subnet list"
              },
              "intra_subnet_suffix": {
                "default": "intra",
                "description": "Suffix to append to intra subnets name"
              },
              "intra_subnet_tags": {
                "default": {},
                "description": "Additional tags for the intra subnets"
              },
              "intra_subnets": {
                "default": [],
                "description": "A list of intra subnets"
              },
              "kinesis_firehose_endpoint_policy": {
                "default": null,
                "description": "A policy to attach to the endpoint that controls access to the service. Defaults to full access"
              },
              "kinesis_firehose_endpoint_private_dns_enabled": {
                "default": false,
                "description": "Whether or not to associate a private hosted zone with the specified VPC for Kinesis Firehose endpoint"
              },
              "kinesis_firehose_endpoint_security_group_ids": {
                "default": [],
                "description": "The ID of one or more security groups to associate with the network interface for Kinesis Firehose endpoint"
              },
              "kinesis_firehose_endpoint_subnet_ids": {
                "default": [],
                "description": "The ID of one or more subnets in which to create a network interface for Kinesis Firehose endpoint. Only a single subnet within an AZ is supported. If omitted, private subnets will be used."
              },
              "kinesis_streams_endpoint_policy": {
                "default": null,
                "description": "A policy to attach to the endpoint that controls access to the service. Defaults to full access"
              },
              "kinesis_streams_endpoint_private_dns_enabled": {
                "default": false,
                "description": "Whether or not to associate a private hosted zone with the specified VPC for Kinesis Streams endpoint"
              },
              "kinesis_streams_endpoint_security_group_ids": {
                "default": [],
                "description": "The ID of one or more security groups to associate with the network interface for Kinesis Streams endpoint"
              },
              "kinesis_streams_endpoint_subnet_ids": {
                "default": [],
                "description": "The ID of one or more subnets in which to create a network interface for Kinesis Streams endpoint. Only a single subnet within an AZ is supported. If omitted, private subnets will be used."
              },
              "kms_endpoint_policy": {
                "default": null,
                "description": "A policy to attach to the endpoint that controls access to the service. Defaults to full access"
              },
              "kms_endpoint_private_dns_enabled": {
                "default": false,
                "description": "Whether or not to associate a private hosted zone with the specified VPC for KMS endpoint"
              },
              "kms_endpoint_security_group_ids": {
                "default": [],
                "description": "The ID of one or more security groups to associate with the network interface for KMS endpoint"
              },
              "kms_endpoint_subnet_ids": {
                "default": [],
                "description": "The ID of one or more subnets in which to create a network interface for KMS endpoint. Only a single subnet within an AZ is supported. If omitted, private subnets will be used."
              },
              "lambda_endpoint_private_dns_enabled": {
                "default": false,
                "description": "Whether or not to associate a private hosted zone with the specified VPC for Lambda endpoint"
              },
              "lambda_endpoint_security_group_ids": {
                "default": [],
                "description": "The ID of one or more security groups to associate with the network interface for Lambda endpoint"
              },
              "lambda_endpoint_subnet_ids": {
                "default": [],
                "description": "The ID of one or more subnets in which to create a network interface for Lambda endpoint. Only a single subnet within an AZ is supported. If omitted, private subnets will be used."
              },
              "logs_endpoint_policy": {
                "default": null,
                "description": "A policy to attach to the endpoint that controls access to the service. Defaults to full access"
              },
              "logs_endpoint_private_dns_enabled": {
                "default": false,
                "description": "Whether or not to associate a private hosted zone with the specified VPC for CloudWatch Logs endpoint"
              },
              "logs_endpoint_security_group_ids": {
                "default": [],
                "description": "The ID of one or more security groups to associate with the network interface for CloudWatch Logs endpoint"
              },
              "logs_endpoint_subnet_ids": {
                "default": [],
                "description": "The ID of one or more subnets in which to create a network interface for CloudWatch Logs endpoint. Only a single subnet within an AZ is supported. If omitted, private subnets will be used."
              },
              "manage_default_network_acl": {
                "default": false,
                "description": "Should be true to adopt and manage Default Network ACL"
              },
              "manage_default_route_table": {
                "default": false,
                "description": "Should be true to manage default route table"
              },
              "manage_default_security_group": {
                "default": false,
                "description": "Should be true to adopt and manage default security group"
              },
              "manage_default_vpc": {
                "default": false,
                "description": "Should be true to adopt and manage Default VPC"
              },
              "map_public_ip_on_launch": {
                "default": true,
                "description": "Should be false if you do not want to auto-assign public IP on launch"
              },
              "monitoring_endpoint_policy": {
                "default": null,
                "description": "A policy to attach to the endpoint that controls access to the service. Defaults to full access"
              },
              "monitoring_endpoint_private_dns_enabled": {
                "default": false,
                "description": "Whether or not to associate a private hosted zone with the specified VPC for CloudWatch Monitoring endpoint"
              },
              "monitoring_endpoint_security_group_ids": {
                "default": [],
                "description": "The ID of one or more security groups to associate with the network interface for CloudWatch Monitoring endpoint"
              },
              "monitoring_endpoint_subnet_ids": {
                "default": [],
                "description": "The ID of one or more subnets in which to create a network interface for CloudWatch Monitoring endpoint. Only a single subnet within an AZ is supported. If omitted, private subnets will be used."
              },
              "name": {
                "default": "",
                "description": "Name to be used on all the resources as identifier"
              },
              "nat_eip_tags": {
                "default": {},
                "description": "Additional tags for the NAT EIP"
              },
              "nat_gateway_tags": {
                "default": {},
                "description": "Additional tags for the NAT gateways"
              },
              "one_nat_gateway_per_az": {
                "default": false,
                "description": "Should be true if you want only one NAT Gateway per availability zone. Requires `var.azs` to be set, and the number of `public_subnets` created to be greater than or equal to the number of availability zones specified in `var.azs`."
              },
              "private_acl_tags": {
                "default": {},
                "description": "Additional tags for the private subnets network ACL"
              },
              "private_dedicated_network_acl": {
                "default": false,
                "description": "Whether to use dedicated network ACL (not default) and custom rules for private subnets"
              },
              "private_inbound_acl_rules": {
                "default": [
                  {
                    "cidr_block": "0.0.0.0/0",
                    "from_port": "0",
                    "protocol": "-1",
                    "rule_action": "allow",
                    "rule_number": "100",
                    "to_port": "0"
                  }
                ],
                "description": "Private subnets inbound network ACLs"
              },
              "private_outbound_acl_rules": {
                "default": [
                  {
                    "cidr_block": "0.0.0.0/0",
                    "from_port": "0",
                    "protocol": "-1",
                    "rule_action": "allow",
                    "rule_number": "100",
                    "to_port": "0"
                  }
                ],
                "description": "Private subnets outbound network ACLs"
              },
              "private_route_table_tags": {
                "default": {},
                "description": "Additional tags for the private route tables"
              },
              "private_subnet_assign_ipv6_address_on_creation": {
                "default": null,
                "description": "Assign IPv6 address on private subnet, must be disabled to change IPv6 CIDRs. This is the IPv6 equivalent of map_public_ip_on_launch"
              },
              "private_subnet_ipv6_prefixes": {
                "default": [],
                "description": "Assigns IPv6 private subnet id based on the Amazon provided /56 prefix base 10 integer (0-256). Must be of equal length to the corresponding IPv4 subnet list"
              },
              "private_subnet_suffix": {
                "default": "private",
                "description": "Suffix to append to private subnets name"
              },
              "private_subnet_tags": {
                "default": {},
                "description": "Additional tags for the private subnets"
              },
              "private_subnets": {
                "default": [],
                "description": "A list of private subnets inside the VPC"
              },
              "propagate_intra_route_tables_vgw": {
                "default": false,
                "description": "Should be true if you want route table propagation"
              },
              "propagate_private_route_tables_vgw": {
                "default": false,
                "description": "Should be true if you want route table propagation"
              },
              "propagate_public_route_tables_vgw": {
                "default": false,
                "description": "Should be true if you want route table propagation"
              },
              "public_acl_tags": {
                "default": {},
                "description": "Additional tags for the public subnets network ACL"
              },
              "public_dedicated_network_acl": {
                "default": false,
                "description": "Whether to use dedicated network ACL (not default) and custom rules for public subnets"
              },
              "public_inbound_acl_rules": {
                "default": [
                  {
                    "cidr_block": "0.0.0.0/0",
                    "from_port": "0",
                    "protocol": "-1",
                    "rule_action": "allow",
                    "rule_number": "100",
                    "to_port": "0"
                  }
                ],
                "description": "Public subnets inbound network ACLs"
              },
              "public_outbound_acl_rules": {
                "default": [
                  {
                    "cidr_block": "0.0.0.0/0",
                    "from_port": "0",
                    "protocol": "-1",
                    "rule_action": "allow",
                    "rule_number": "100",
                    "to_port": "0"
                  }
                ],
                "description": "Public subnets outbound network ACLs"
              },
              "public_route_table_tags": {
                "default": {},
                "description": "Additional tags for the public route tables"
              },
              "public_subnet_assign_ipv6_address_on_creation": {
                "default": null,
                "description": "Assign IPv6 address on public subnet, must be disabled to change IPv6 CIDRs. This is the IPv6 equivalent of map_public_ip_on_launch"
              },
              "public_subnet_ipv6_prefixes": {
                "default": [],
                "description": "Assigns IPv6 public subnet id based on the Amazon provided /56 prefix base 10 integer (0-256). Must be of equal length to the corresponding IPv4 subnet list"
              },
              "public_subnet_suffix": {
                "default": "public",
                "description": "Suffix to append to public subnets name"
              },
              "public_subnet_tags": {
                "default": {},
                "description": "Additional tags for the public subnets"
              },
              "public_subnets": {
                "default": [],
                "description": "A list of public subnets inside the VPC"
              },
              "qldb_session_endpoint_private_dns_enabled": {
                "default": false,
                "description": "Whether or not to associate a private hosted zone with the specified VPC for QLDB Session endpoint"
              },
              "qldb_session_endpoint_security_group_ids": {
                "default": [],
                "description": "The ID of one or more security groups to associate with the network interface for QLDB Session endpoint"
              },
              "qldb_session_endpoint_subnet_ids": {
                "default": [],
                "description": "The ID of one or more subnets in which to create a network interface for QLDB Session endpoint. Only a single subnet within an AZ is supported. Ifomitted, private subnets will be used."
              },
              "rds_endpoint_private_dns_enabled": {
                "default": false,
                "description": "Whether or not to associate a private hosted zone with the specified VPC for RDS endpoint"
              },
              "rds_endpoint_security_group_ids": {
                "default": [],
                "description": "The ID of one or more security groups to associate with the network interface for RDS endpoint"
              },
              "rds_endpoint_subnet_ids": {
                "default": [],
                "description": "The ID of one or more subnets in which to create a network interface for RDS endpoint. Only a single subnet within an AZ is supported. If omitted, private subnets will be used."
              },
              "redshift_acl_tags": {
                "default": {},
                "description": "Additional tags for the redshift subnets network ACL"
              },
              "redshift_dedicated_network_acl": {
                "default": false,
                "description": "Whether to use dedicated network ACL (not default) and custom rules for redshift subnets"
              },
              "redshift_inbound_acl_rules": {
                "default": [
                  {
                    "cidr_block": "0.0.0.0/0",
                    "from_port": "0",
                    "protocol": "-1",
                    "rule_action": "allow",
                    "rule_number": "100",
                    "to_port": "0"
                  }
                ],
                "description": "Redshift subnets inbound network ACL rules"
              },
              "redshift_outbound_acl_rules": {
                "default": [
                  {
                    "cidr_block": "0.0.0.0/0",
                    "from_port": "0",
                    "protocol": "-1",
                    "rule_action": "allow",
                    "rule_number": "100",
                    "to_port": "0"
                  }
                ],
                "description": "Redshift subnets outbound network ACL rules"
              },
              "redshift_route_table_tags": {
                "default": {},
                "description": "Additional tags for the redshift route tables"
              },
              "redshift_subnet_assign_ipv6_address_on_creation": {
                "default": null,
                "description": "Assign IPv6 address on redshift subnet, must be disabled to change IPv6 CIDRs. This is the IPv6 equivalent of map_public_ip_on_launch"
              },
              "redshift_subnet_group_tags": {
                "default": {},
                "description": "Additional tags for the redshift subnet group"
              },
              "redshift_subnet_ipv6_prefixes": {
                "default": [],
                "description": "Assigns IPv6 redshift subnet id based on the Amazon provided /56 prefix base 10 integer (0-256). Must be of equal length to the corresponding IPv4 subnet list"
              },
              "redshift_subnet_suffix": {
                "default": "redshift",
                "description": "Suffix to append to redshift subnets name"
              },
              "redshift_subnet_tags": {
                "default": {},
                "description": "Additional tags for the redshift subnets"
              },
              "redshift_subnets": {
                "default": [],
                "description": "A list of redshift subnets"
              },
              "rekognition_endpoint_policy": {
                "default": null,
                "description": "A policy to attach to the endpoint that controls access to the service. Defaults to full access"
              },
              "rekognition_endpoint_private_dns_enabled": {
                "default": false,
                "description": "Whether or not to associate a private hosted zone with the specified VPC for Rekognition endpoint"
              },
              "rekognition_endpoint_security_group_ids": {
                "default": [],
                "description": "The ID of one or more security groups to associate with the network interface for Rekognition endpoint"
              },
              "rekognition_endpoint_subnet_ids": {
                "default": [],
                "description": "The ID of one or more subnets in which to create a network interface for Rekognition endpoint. Only a single subnet within an AZ is supported. If omitted, private subnets will be used."
              },
              "reuse_nat_ips": {
                "default": false,
                "description": "Should be true if you don't want EIPs to be created for your NAT Gateways and will instead pass them in via the 'external_nat_ip_ids' variable"
              },
              "s3_endpoint_policy": {
                "default": null,
                "description": "A policy to attach to the endpoint that controls access to the service. Defaults to full access"
              },
              "s3_endpoint_private_dns_enabled": {
                "default": false,
                "description": "Whether or not to associate a private hosted zone with the specified VPC for S3 interface endpoint"
              },
              "s3_endpoint_security_group_ids": {
                "default": [],
                "description": "The ID of one or more security groups to associate with the network interface for S3 interface endpoint"
              },
              "s3_endpoint_subnet_ids": {
                "default": [],
                "description": "The ID of one or more subnets in which to create a network interface for S3 interface endpoint. Only a single subnet within an AZ is supported. If omitted, private subnets will be used."
              },
              "s3_endpoint_type": {
                "default": "Gateway",
                "description": "S3 VPC endpoint type. Note - S3 Interface type support is only available on AWS provider 3.10 and later"
              },
              "sagemaker_api_endpoint_policy": {
                "default": null,
                "description": "A policy to attach to the endpoint that controls access to the service. Defaults to full access"
              },
              "sagemaker_api_endpoint_private_dns_enabled": {
                "default": false,
                "description": "Whether or not to associate a private hosted zone with the specified VPC for SageMaker API endpoint"
              },
              "sagemaker_api_endpoint_security_group_ids": {
                "default": [],
                "description": "The ID of one or more security groups to associate with the network interface for SageMaker API endpoint"
              },
              "sagemaker_api_endpoint_subnet_ids": {
                "default": [],
                "description": "The ID of one or more subnets in which to create a network interface for SageMaker API endpoint. Only a single subnet within an AZ is supported. If omitted, private subnets will be used."
              },
              "sagemaker_notebook_endpoint_policy": {
                "default": null,
                "description": "A policy to attach to the endpoint that controls access to the service. Defaults to full access"
              },
              "sagemaker_notebook_endpoint_private_dns_enabled": {
                "default": false,
                "description": "Whether or not to associate a private hosted zone with the specified VPC for Sagemaker Notebook endpoint"
              },
              "sagemaker_notebook_endpoint_region": {
                "default": "",
                "description": "Region to use for Sagemaker Notebook endpoint"
              },
              "sagemaker_notebook_endpoint_security_group_ids": {
                "default": [],
                "description": "The ID of one or more security groups to associate with the network interface for Sagemaker Notebook endpoint"
              },
              "sagemaker_notebook_endpoint_subnet_ids": {
                "default": [],
                "description": "The ID of one or more subnets in which to create a network interface for Sagemaker Notebook endpoint. Only a single subnet within an AZ is supported. If omitted, private subnets will be used."
              },
              "sagemaker_runtime_endpoint_policy": {
                "default": null,
                "description": "A policy to attach to the endpoint that controls access to the service. Defaults to full access"
              },
              "sagemaker_runtime_endpoint_private_dns_enabled": {
                "default": false,
                "description": "Whether or not to associate a private hosted zone with the specified VPC for SageMaker Runtime endpoint"
              },
              "sagemaker_runtime_endpoint_security_group_ids": {
                "default": [],
                "description": "The ID of one or more security groups to associate with the network interface for SageMaker Runtime endpoint"
              },
              "sagemaker_runtime_endpoint_subnet_ids": {
                "default": [],
                "description": "The ID of one or more subnets in which to create a network interface for SageMaker Runtime endpoint. Only a single subnet within an AZ is supported. If omitted, private subnets will be used."
              },
              "secondary_cidr_blocks": {
                "default": [],
                "description": "List of secondary CIDR blocks to associate with the VPC to extend the IP Address pool"
              },
              "secretsmanager_endpoint_policy": {
                "default": null,
                "description": "A policy to attach to the endpoint that controls access to the service. Defaults to full access"
              },
              "secretsmanager_endpoint_private_dns_enabled": {
                "default": false,
                "description": "Whether or not to associate a private hosted zone with the specified VPC for Secrets Manager endpoint"
              },
              "secretsmanager_endpoint_security_group_ids": {
                "default": [],
                "description": "The ID of one or more security groups to associate with the network interface for Secrets Manager endpoint"
              },
              "secretsmanager_endpoint_subnet_ids": {
                "default": [],
                "description": "The ID of one or more subnets in which to create a network interface for Secrets Manager endpoint. Only a single subnet within an AZ is supported. If omitted, private subnets will be used."
              },
              "servicecatalog_endpoint_private_dns_enabled": {
                "default": false,
                "description": "Whether or not to associate a private hosted zone with the specified VPC for Service Catalog endpoint"
              },
              "servicecatalog_endpoint_security_group_ids": {
                "default": [],
                "description": "The ID of one or more security groups to associate with the network interface for Service Catalog endpoint"
              },
              "servicecatalog_endpoint_subnet_ids": {
                "default": [],
                "description": "The ID of one or more subnets in which to create a network interface for Service Catalog endpoint. Only a single subnet within an AZ is supported. If omitted, private subnets will be used."
              },
              "ses_endpoint_private_dns_enabled": {
                "default": false,
                "description": "Whether or not to associate a private hosted zone with the specified VPC for SES endpoint"
              },
              "ses_endpoint_security_group_ids": {
                "default": [],
                "description": "The ID of one or more security groups to associate with the network interface for SES endpoint"
              },
              "ses_endpoint_subnet_ids": {
                "default": [],
                "description": "The ID of one or more subnets in which to create a network interface for SES endpoint. Only a single subnet within an AZ is supported. If omitted, private subnets will be used."
              },
              "single_nat_gateway": {
                "default": false,
                "description": "Should be true if you want to provision a single shared NAT Gateway across all of your private networks"
              },
              "sms_endpoint_private_dns_enabled": {
                "default": false,
                "description": "Whether or not to associate a private hosted zone with the specified VPC for SMS endpoint"
              },
              "sms_endpoint_security_group_ids": {
                "default": [],
                "description": "The ID of one or more security groups to associate with the network interface for SMS endpoint"
              },
              "sms_endpoint_subnet_ids": {
                "default": [],
                "description": "The ID of one or more subnets in which to create a network interface for SMS endpoint. Only a single subnet within an AZ is supported. Ifomitted, private subnets will be used."
              },
              "sns_endpoint_policy": {
                "default": null,
                "description": "A policy to attach to the endpoint that controls access to the service. Defaults to full access"
              },
              "sns_endpoint_private_dns_enabled": {
                "default": false,
                "description": "Whether or not to associate a private hosted zone with the specified VPC for SNS endpoint"
              },
              "sns_endpoint_security_group_ids": {
                "default": [],
                "description": "The ID of one or more security groups to associate with the network interface for SNS endpoint"
              },
              "sns_endpoint_subnet_ids": {
                "default": [],
                "description": "The ID of one or more subnets in which to create a network interface for SNS endpoint. Only a single subnet within an AZ is supported. If omitted, private subnets will be used."
              },
              "sqs_endpoint_policy": {
                "default": null,
                "description": "A policy to attach to the endpoint that controls access to the service. Defaults to full access"
              },
              "sqs_endpoint_private_dns_enabled": {
                "default": false,
                "description": "Whether or not to associate a private hosted zone with the specified VPC for SQS endpoint"
              },
              "sqs_endpoint_security_group_ids": {
                "default": [],
                "description": "The ID of one or more security groups to associate with the network interface for SQS endpoint"
              },
              "sqs_endpoint_subnet_ids": {
                "default": [],
                "description": "The ID of one or more subnets in which to create a network interface for SQS endpoint. Only a single subnet within an AZ is supported. If omitted, private subnets will be used."
              },
              "ssm_endpoint_private_dns_enabled": {
                "default": false,
                "description": "Whether or not to associate a private hosted zone with the specified VPC for SSM endpoint"
              },
              "ssm_endpoint_security_group_ids": {
                "default": [],
                "description": "The ID of one or more security groups to associate with the network interface for SSM endpoint"
              },
              "ssm_endpoint_subnet_ids": {
                "default": [],
                "description": "The ID of one or more subnets in which to create a network interface for SSM endpoint. Only a single subnet within an AZ is supported. If omitted, private subnets will be used."
              },
              "ssmmessages_endpoint_private_dns_enabled": {
                "default": false,
                "description": "Whether or not to associate a private hosted zone with the specified VPC for SSMMESSAGES endpoint"
              },
              "ssmmessages_endpoint_security_group_ids": {
                "default": [],
                "description": "The ID of one or more security groups to associate with the network interface for SSMMESSAGES endpoint"
              },
              "ssmmessages_endpoint_subnet_ids": {
                "default": [],
                "description": "The ID of one or more subnets in which to create a network interface for SSMMESSAGES endpoint. Only a single subnet within an AZ is supported. If omitted, private subnets will be used."
              },
              "states_endpoint_policy": {
                "default": null,
                "description": "A policy to attach to the endpoint that controls access to the service. Defaults to full access"
              },
              "states_endpoint_private_dns_enabled": {
                "default": false,
                "description": "Whether or not to associate a private hosted zone with the specified VPC for Step Function endpoint"
              },
              "states_endpoint_security_group_ids": {
                "default": [],
                "description": "The ID of one or more security groups to associate with the network interface for Step Function endpoint"
              },
              "states_endpoint_subnet_ids": {
                "default": [],
                "description": "The ID of one or more subnets in which to create a network interface for Step Function endpoint. Only a single subnet within an AZ is supported. If omitted, private subnets will be used."
              },
              "storagegateway_endpoint_private_dns_enabled": {
                "default": false,
                "description": "Whether or not to associate a private hosted zone with the specified VPC for Storage Gateway endpoint"
              },
              "storagegateway_endpoint_security_group_ids": {
                "default": [],
                "description": "The ID of one or more security groups to associate with the network interface for Storage Gateway endpoint"
              },
              "storagegateway_endpoint_subnet_ids": {
                "default": [],
                "description": "The ID of one or more subnets in which to create a network interface for Storage Gateway endpoint. Only a single subnet within an AZ is supported. If omitted, private subnets will be used."
              },
              "sts_endpoint_policy": {
                "default": null,
                "description": "A policy to attach to the endpoint that controls access to the service. Defaults to full access"
              },
              "sts_endpoint_private_dns_enabled": {
                "default": false,
                "description": "Whether or not to associate a private hosted zone with the specified VPC for STS endpoint"
              },
              "sts_endpoint_security_group_ids": {
                "default": [],
                "description": "The ID of one or more security groups to associate with the network interface for STS endpoint"
              },
              "sts_endpoint_subnet_ids": {
                "default": [],
                "description": "The ID of one or more subnets in which to create a network interface for STS endpoint. Only a single subnet within an AZ is supported. If omitted, private subnets will be used."
              },
              "tags": {
                "default": {},
                "description": "A map of tags to add to all resources"
              },
              "textract_endpoint_private_dns_enabled": {
                "default": false,
                "description": "Whether or not to associate a private hosted zone with the specified VPC for Textract endpoint"
              },
              "textract_endpoint_security_group_ids": {
                "default": [],
                "description": "The ID of one or more security groups to associate with the network interface for Textract endpoint"
              },
              "textract_endpoint_subnet_ids": {
                "default": [],
                "description": "The ID of one or more subnets in which to create a network interface for Textract endpoint. Only a single subnet within an AZ is supported. If omitted, private subnets will be used."
              },
              "transfer_endpoint_private_dns_enabled": {
                "default": false,
                "description": "Whether or not to associate a private hosted zone with the specified VPC for Transfer endpoint"
              },
              "transfer_endpoint_security_group_ids": {
                "default": [],
                "description": "The ID of one or more security groups to associate with the network interface for Transfer endpoint"
              },
              "transfer_endpoint_subnet_ids": {
                "default": [],
                "description": "The ID of one or more subnets in which to create a network interface for Transfer endpoint. Only a single subnet within an AZ is supported. If omitted, private subnets will be used."
              },
              "transferserver_endpoint_private_dns_enabled": {
                "default": false,
                "description": "Whether or not to associate a private hosted zone with the specified VPC for Transfer Server endpoint"
              },
              "transferserver_endpoint_security_group_ids": {
                "default": [],
                "description": "The ID of one or more security groups to associate with the network interface for Transfer Server endpoint"
              },
              "transferserver_endpoint_subnet_ids": {
                "default": [],
                "description": "The ID of one or more subnets in which to create a network interface for Transfer Server endpoint. Only a single subnet within an AZ is supported. If omitted, private subnets will be used."
              },
              "vpc_endpoint_tags": {
                "default": {},
                "description": "Additional tags for the VPC Endpoints"
              },
              "vpc_flow_log_permissions_boundary": {
                "default": null,
                "description": "The ARN of the Permissions Boundary for the VPC Flow Log IAM Role"
              },
              "vpc_flow_log_tags": {
                "default": {},
                "description": "Additional tags for the VPC Flow Logs"
              },
              "vpc_tags": {
                "default": {},
                "description": "Additional tags for the VPC"
              },
              "vpn_gateway_az": {
                "default": null,
                "description": "The Availability Zone for the VPN Gateway"
              },
              "vpn_gateway_id": {
                "default": "",
                "description": "ID of VPN Gateway to attach to the VPC"
              },
              "vpn_gateway_tags": {
                "default": {},
                "description": "Additional tags for the VPN gateway"
              },
              "workspaces_endpoint_policy": {
                "default": null,
                "description": "A policy to attach to the endpoint that controls access to the service. Defaults to full access"
              },
              "workspaces_endpoint_private_dns_enabled": {
                "default": false,
                "description": "Whether or not to associate a private hosted zone with the specified VPC for Workspaces endpoint"
              },
              "workspaces_endpoint_security_group_ids": {
                "default": [],
                "description": "The ID of one or more security groups to associate with the network interface for Workspaces endpoint"
              },
              "workspaces_endpoint_subnet_ids": {
                "default": [],
                "description": "The ID of one or more subnets in which to create a network interface for Workspaces endpoint. Only a single subnet within an AZ is supported. Ifomitted, private subnets will be used."
              }
            }
          },
          "version_constraint": "2.77.0",
          "raw_data": {
            "FileName": "main.tf",
            "StartLine": 339,
            "EndLine": 350
          }
        }
      }
    }
  }
}
