{"format_version":"0.1","terraform_version":"0.14.6","planned_values":{"root_module":{"resources":[{"address":"google_service_account.custom","mode":"managed","type":"google_service_account","name":"custom","provider_name":"registry.terraform.io/hashicorp/google","schema_version":0,"values":{"account_id":"customserviceaccountid","description":null,"disabled":false,"display_name":"My Custom Service Account","timeouts":null}},{"address":"google_storage_bucket.test-bucket","mode":"managed","type":"google_storage_bucket","name":"test-bucket","provider_name":"registry.terraform.io/hashicorp/google","schema_version":0,"values":{"cors":[],"default_event_based_hold":null,"encryption":[],"force_destroy":true,"labels":null,"lifecycle_rule":[],"location":"EU","logging":[],"name":"test-bucket-jjfhz7854","requester_pays":null,"retention_policy":[],"storage_class":"STANDARD","versioning":[],"website":[]}},{"address":"google_storage_bucket_iam_binding.binding","mode":"managed","type":"google_storage_bucket_iam_binding","name":"binding","provider_name":"registry.terraform.io/hashicorp/google","schema_version":0,"values":{"bucket":"test-bucket-jjfhz7854","condition":[],"members":["serviceAccount:google_service_account.custom.email"],"role":"roles/storage.admin"}}]}},"resource_changes":[{"address":"google_service_account.custom","mode":"managed","type":"google_service_account","name":"custom","provider_name":"registry.terraform.io/hashicorp/google","change":{"actions":["create"],"before":null,"after":{"account_id":"customserviceaccountid","description":null,"disabled":false,"display_name":"My Custom Service Account","timeouts":null},"after_unknown":{"email":true,"id":true,"name":true,"project":true,"unique_id":true}}},{"address":"google_storage_bucket.test-bucket","mode":"managed","type":"google_storage_bucket","name":"test-bucket","provider_name":"registry.terraform.io/hashicorp/google","change":{"actions":["create"],"before":null,"after":{"cors":[],"default_event_based_hold":null,"encryption":[],"force_destroy":true,"labels":null,"lifecycle_rule":[],"location":"EU","logging":[],"name":"test-bucket-jjfhz7854","requester_pays":null,"retention_policy":[],"storage_class":"STANDARD","versioning":[],"website":[]},"after_unknown":{"cors":[],"encryption":[],"id":true,"lifecycle_rule":[],"logging":[],"project":true,"retention_policy":[],"self_link":true,"uniform_bucket_level_access":true,"url":true,"versioning":[],"website":[]}}},{"address":"google_storage_bucket_iam_binding.binding","mode":"managed","type":"google_storage_bucket_iam_binding","name":"binding","provider_name":"registry.terraform.io/hashicorp/google","change":{"actions":["create"],"before":null,"after":{"bucket":"test-bucket-jjfhz7854","condition":[],"members":["serviceAccount:google_service_account.custom.email"],"role":"roles/storage.admin"},"after_unknown":{"condition":[],"etag":true,"id":true,"members":[false]}}}],"configuration":{"provider_config":{"google":{"name":"google","expressions":{"project":{"constant_value":"dev-for-tests"},"region":{"constant_value":"us-central-1"}}}},"root_module":{"resources":[{"address":"google_service_account.custom","mode":"managed","type":"google_service_account","name":"custom","provider_config_key":"google","expressions":{"account_id":{"constant_value":"customserviceaccountid"},"display_name":{"constant_value":"My Custom Service Account"}},"schema_version":0,"raw_data":{"FileName":"main.tf","StartLine":6,"EndLine":9}},{"address":"google_storage_bucket.test-bucket","mode":"managed","type":"google_storage_bucket","name":"test-bucket","provider_config_key":"google","expressions":{"force_destroy":{"constant_value":true},"location":{"constant_value":"EU"},"name":{"constant_value":"test-bucket-jjfhz7854"}},"schema_version":0,"raw_data":{"FileName":"main.tf","StartLine":11,"EndLine":15}},{"address":"google_storage_bucket_iam_binding.binding","mode":"managed","type":"google_storage_bucket_iam_binding","name":"binding","provider_config_key":"google","expressions":{"bucket":{"references":["google_storage_bucket.test-bucket"]},"members":{"references":["google_service_account.custom"]},"role":{"constant_value":"roles/storage.admin"}},"schema_version":0,"raw_data":{"FileName":"main.tf","StartLine":17,"EndLine":23}}]}}}
