{"format_version":"0.1","terraform_version":"0.14.6","planned_values":{"root_module":{"resources":[{"address":"google_compute_firewall.http-server","mode":"managed","type":"google_compute_firewall","name":"http-server","provider_name":"registry.terraform.io/hashicorp/google","schema_version":1,"values":{"allow":[{"ports":["80"],"protocol":"tcp"}],"deny":[],"description":null,"disabled":null,"log_config":[],"name":"default-allow-http","network":"default","priority":1000,"project":"dev-for-tests","source_ranges":["0.0.0.0/0"],"source_service_accounts":null,"source_tags":null,"target_service_accounts":null,"target_tags":["http-server"],"timeouts":null}},{"address":"google_compute_instance.default","mode":"managed","type":"google_compute_instance","name":"default","provider_name":"registry.terraform.io/hashicorp/google","schema_version":6,"values":{"advanced_machine_features":[],"allow_stopping_for_update":null,"attached_disk":[],"boot_disk":[{"auto_delete":true,"disk_encryption_key_raw":null,"initialize_params":[{"image":"debian-cloud/debian-9"}],"mode":"READ_WRITE"}],"can_ip_forward":false,"deletion_protection":false,"description":null,"desired_status":null,"enable_display":null,"hostname":null,"labels":null,"machine_type":"f1-micro","metadata":null,"metadata_startup_script":"sudo apt-get update \u0026\u0026 sudo apt-get install apache2 -y \u0026\u0026 echo '\u003c!doctype html\u003e\u003chtml\u003e\u003cbody\u003e\u003ch1\u003eHello from Terraform on Google Cloud!\u003c/h1\u003e\u003c/body\u003e\u003c/html\u003e' | sudo tee /var/www/html/index.html","name":"cloudrail-test-google-compute-instance","network_interface":[{"access_config":[{"public_ptr_domain_name":null}],"alias_ip_range":[],"ipv6_access_config":[],"network":"default","nic_type":null}],"project":"dev-for-tests","resource_policies":null,"scratch_disk":[],"service_account":[],"shielded_instance_config":[],"tags":["http-server"],"timeouts":null,"zone":"us-west1-a"}}]}},"resource_changes":[{"address":"google_compute_firewall.http-server","mode":"managed","type":"google_compute_firewall","name":"http-server","provider_name":"registry.terraform.io/hashicorp/google","change":{"actions":["create"],"before":null,"after":{"allow":[{"ports":["80"],"protocol":"tcp"}],"deny":[],"description":null,"disabled":null,"log_config":[],"name":"default-allow-http","network":"default","priority":1000,"project":"dev-for-tests","source_ranges":["0.0.0.0/0"],"source_service_accounts":null,"source_tags":null,"target_service_accounts":null,"target_tags":["http-server"],"timeouts":null},"after_unknown":{"allow":[{"ports":[false]}],"creation_timestamp":true,"deny":[],"destination_ranges":true,"direction":true,"enable_logging":true,"id":true,"log_config":[],"self_link":true,"source_ranges":[false],"target_tags":[false]}}},{"address":"google_compute_instance.default","mode":"managed","type":"google_compute_instance","name":"default","provider_name":"registry.terraform.io/hashicorp/google","change":{"actions":["create"],"before":null,"after":{"advanced_machine_features":[],"allow_stopping_for_update":null,"attached_disk":[],"boot_disk":[{"auto_delete":true,"disk_encryption_key_raw":null,"initialize_params":[{"image":"debian-cloud/debian-9"}],"mode":"READ_WRITE"}],"can_ip_forward":false,"deletion_protection":false,"description":null,"desired_status":null,"enable_display":null,"hostname":null,"labels":null,"machine_type":"f1-micro","metadata":null,"metadata_startup_script":"sudo apt-get update \u0026\u0026 sudo apt-get install apache2 -y \u0026\u0026 echo '\u003c!doctype html\u003e\u003chtml\u003e\u003cbody\u003e\u003ch1\u003eHello from Terraform on Google Cloud!\u003c/h1\u003e\u003c/body\u003e\u003c/html\u003e' | sudo tee /var/www/html/index.html","name":"cloudrail-test-google-compute-instance","network_interface":[{"access_config":[{"public_ptr_domain_name":null}],"alias_ip_range":[],"ipv6_access_config":[],"network":"default","nic_type":null}],"project":"dev-for-tests","resource_policies":null,"scratch_disk":[],"service_account":[],"shielded_instance_config":[],"tags":["http-server"],"timeouts":null,"zone":"us-west1-a"},"after_unknown":{"advanced_machine_features":[],"attached_disk":[],"boot_disk":[{"device_name":true,"disk_encryption_key_sha256":true,"initialize_params":[{"labels":true,"size":true,"type":true}],"kms_key_self_link":true,"source":true}],"confidential_instance_config":true,"cpu_platform":true,"current_status":true,"guest_accelerator":true,"id":true,"instance_id":true,"label_fingerprint":true,"metadata_fingerprint":true,"min_cpu_platform":true,"network_interface":[{"access_config":[{"nat_ip":true,"network_tier":true}],"alias_ip_range":[],"ipv6_access_config":[],"ipv6_access_type":true,"name":true,"network_ip":true,"stack_type":true,"subnetwork":true,"subnetwork_project":true}],"reservation_affinity":true,"scheduling":true,"scratch_disk":[],"self_link":true,"service_account":[],"shielded_instance_config":[],"tags":[false],"tags_fingerprint":true}}}],"configuration":{"root_module":{"resources":[{"address":"google_compute_firewall.http-server","mode":"managed","type":"google_compute_firewall","name":"http-server","provider_config_key":"google","expressions":{"allow":[{"ports":{"constant_value":["80"]},"protocol":{"constant_value":"tcp"}}],"name":{"constant_value":"default-allow-http"},"network":{"constant_value":"default"},"project":{"constant_value":"dev-for-tests"},"source_ranges":{"constant_value":["0.0.0.0/0"]},"target_tags":{"constant_value":["http-server"]}},"schema_version":1,"raw_data":{"FileName":"main.tf","StartLine":27,"EndLine":40}},{"address":"google_compute_instance.default","mode":"managed","type":"google_compute_instance","name":"default","provider_config_key":"google","expressions":{"boot_disk":[{"initialize_params":[{"image":{"constant_value":"debian-cloud/debian-9"}}]}],"machine_type":{"constant_value":"f1-micro"},"metadata_startup_script":{"constant_value":"sudo apt-get update \u0026\u0026 sudo apt-get install apache2 -y \u0026\u0026 echo '\u003c!doctype html\u003e\u003chtml\u003e\u003cbody\u003e\u003ch1\u003eHello from Terraform on Google Cloud!\u003c/h1\u003e\u003c/body\u003e\u003c/html\u003e' | sudo tee /var/www/html/index.html"},"name":{"constant_value":"cloudrail-test-google-compute-instance"},"network_interface":[{"access_config":[{}],"network":{"constant_value":"default"}}],"project":{"constant_value":"dev-for-tests"},"tags":{"constant_value":["http-server"]},"zone":{"constant_value":"us-west1-a"}},"schema_version":6,"raw_data":{"FileName":"main.tf","StartLine":1,"EndLine":25}}]}}}
