{"format_version":"0.1","terraform_version":"0.12.29","planned_values":{"root_module":{"resources":[{"address":"aws_directory_service_directory.test","mode":"managed","type":"aws_directory_service_directory","name":"test","provider_name":"aws","schema_version":0,"values":{"connect_settings":[],"description":null,"enable_sso":false,"name":"corp.notexample.com","password":"SuperSecretPassw0rd","size":"Small","tags":null,"type":"SimpleAD","vpc_settings":[{"availability_zones":null,"subnet_ids":["aws_subnet.nondefault_1.id","aws_subnet.nondefault_2.id"],"vpc_id":"aws_vpc.nondefault.id"}]}},{"address":"aws_iam_role.workspaces_default","mode":"managed","type":"aws_iam_role","name":"workspaces_default","provider_name":"aws","schema_version":0,"values":{"assume_role_policy":"{\n  \"Version\": \"2012-10-17\",\n  \"Statement\": [\n    {\n      \"Sid\": \"\",\n      \"Effect\": \"Allow\",\n      \"Action\": \"sts:AssumeRole\",\n      \"Principal\": {\n        \"Service\": \"workspaces.amazonaws.com\"\n      }\n    }\n  ]\n}","description":null,"force_detach_policies":false,"inline_policy":[],"max_session_duration":3600,"name":"workspaces_DefaultRole","name_prefix":null,"path":"/","permissions_boundary":null,"tags":null}},{"address":"aws_iam_role_policy_attachment.workspaces_default_self_service_access","mode":"managed","type":"aws_iam_role_policy_attachment","name":"workspaces_default_self_service_access","provider_name":"aws","schema_version":0,"values":{"policy_arn":"arn:aws:iam::aws:policy/AmazonWorkSpacesSelfServiceAccess","role":"workspaces_DefaultRole"}},{"address":"aws_iam_role_policy_attachment.workspaces_default_service_access","mode":"managed","type":"aws_iam_role_policy_attachment","name":"workspaces_default_service_access","provider_name":"aws","schema_version":0,"values":{"policy_arn":"arn:aws:iam::aws:policy/AmazonWorkSpacesServiceAccess","role":"workspaces_DefaultRole"}},{"address":"aws_internet_gateway.gw","mode":"managed","type":"aws_internet_gateway","name":"gw","provider_name":"aws","schema_version":0,"values":{"tags":{"Name":"main"},"vpc_id":"aws_vpc.nondefault.id"}},{"address":"aws_kms_alias.test","mode":"managed","type":"aws_kms_alias","name":"test","provider_name":"aws","schema_version":0,"values":{"name":"alias/test-workspace","name_prefix":null,"target_key_id":"aws_kms_key.test.key_id"}},{"address":"aws_kms_key.test","mode":"managed","type":"aws_kms_key","name":"test","provider_name":"aws","schema_version":0,"values":{"customer_master_key_spec":"SYMMETRIC_DEFAULT","deletion_window_in_days":7,"description":"KMS key for Workspaces - creating","enable_key_rotation":false,"is_enabled":true,"key_usage":"ENCRYPT_DECRYPT","tags":null}},{"address":"aws_route_table.public-rtb","mode":"managed","type":"aws_route_table","name":"public-rtb","provider_name":"aws","schema_version":0,"values":{"route":[{"carrier_gateway_id":null,"cidr_block":"0.0.0.0/0","destination_prefix_list_id":null,"egress_only_gateway_id":null,"gateway_id":"aws_internet_gateway.gw.id","instance_id":null,"ipv6_cidr_block":null,"local_gateway_id":null,"nat_gateway_id":null,"network_interface_id":null,"transit_gateway_id":null,"vpc_endpoint_id":null,"vpc_peering_connection_id":null}],"tags":{"Name":"public-rtb"},"vpc_id":"aws_vpc.nondefault.id"}},{"address":"aws_route_table_association.public-rtb-assoc_1","mode":"managed","type":"aws_route_table_association","name":"public-rtb-assoc_1","provider_name":"aws","schema_version":0,"values":{"gateway_id":null,"route_table_id":"aws_route_table.public-rtb.id","subnet_id":"aws_subnet.nondefault_1.id"}},{"address":"aws_route_table_association.public-rtb-assoc_2","mode":"managed","type":"aws_route_table_association","name":"public-rtb-assoc_2","provider_name":"aws","schema_version":0,"values":{"gateway_id":null,"route_table_id":"aws_route_table.public-rtb.id","subnet_id":"aws_subnet.nondefault_2.id"}},{"address":"aws_security_group.nondefault","mode":"managed","type":"aws_security_group","name":"nondefault","provider_name":"aws","schema_version":1,"values":{"description":"Managed by Terraform","egress":[{"cidr_blocks":["0.0.0.0/0"],"description":null,"from_port":0,"ipv6_cidr_blocks":null,"prefix_list_ids":null,"protocol":"-1","security_groups":null,"self":null,"to_port":0}],"ingress":[{"cidr_blocks":["0.0.0.0/0"],"description":null,"from_port":0,"ipv6_cidr_blocks":null,"prefix_list_ids":null,"protocol":"-1","security_groups":null,"self":null,"to_port":0}],"revoke_rules_on_delete":false,"tags":null,"timeouts":null,"vpc_id":"aws_vpc.nondefault.id"}},{"address":"aws_subnet.nondefault_1","mode":"managed","type":"aws_subnet","name":"nondefault_1","provider_name":"aws","schema_version":1,"values":{"assign_ipv6_address_on_creation":false,"availability_zone":"us-east-1c","cidr_block":"10.1.1.128/25","customer_owned_ipv4_pool":null,"ipv6_cidr_block":null,"map_customer_owned_ip_on_launch":null,"map_public_ip_on_launch":false,"outpost_arn":null,"tags":null,"timeouts":null,"vpc_id":"aws_vpc.nondefault.id"}},{"address":"aws_subnet.nondefault_2","mode":"managed","type":"aws_subnet","name":"nondefault_2","provider_name":"aws","schema_version":1,"values":{"assign_ipv6_address_on_creation":false,"availability_zone":"us-east-1d","cidr_block":"10.1.1.0/25","customer_owned_ipv4_pool":null,"ipv6_cidr_block":null,"map_customer_owned_ip_on_launch":null,"map_public_ip_on_launch":false,"outpost_arn":null,"tags":null,"timeouts":null,"vpc_id":"aws_vpc.nondefault.id"}},{"address":"aws_vpc.nondefault","mode":"managed","type":"aws_vpc","name":"nondefault","provider_name":"aws","schema_version":1,"values":{"assign_generated_ipv6_cidr_block":false,"cidr_block":"10.1.1.0/24","enable_dns_support":true,"instance_tenancy":"default","tags":null}},{"address":"aws_workspaces_directory.test","mode":"managed","type":"aws_workspaces_directory","name":"test","provider_name":"aws","schema_version":0,"values":{"directory_id":"aws_directory_service_directory.test.id","self_service_permissions":[],"subnet_ids":["aws_subnet.nondefault_1.id","aws_subnet.nondefault_2.id"],"tags":null,"workspace_access_properties":[],"workspace_creation_properties":[]}},{"address":"aws_workspaces_workspace.test","mode":"managed","type":"aws_workspaces_workspace","name":"test","provider_name":"aws","schema_version":0,"values":{"bundle_id":"wsb-bh8rsxt14","directory_id":"aws_workspaces_directory.test.id","root_volume_encryption_enabled":false,"tags":null,"timeouts":null,"user_name":"Administrator","user_volume_encryption_enabled":true,"volume_encryption_key":"aws_kms_alias.test.arn","workspace_properties":[{"compute_type_name":"VALUE","root_volume_size_gib":80,"running_mode":"AUTO_STOP","running_mode_auto_stop_timeout_in_minutes":60,"user_volume_size_gib":10}]}}]}},"resource_changes":[{"address":"aws_directory_service_directory.test","mode":"managed","type":"aws_directory_service_directory","name":"test","provider_name":"aws","change":{"actions":["create"],"before":null,"after":{"connect_settings":[],"description":null,"enable_sso":false,"name":"corp.notexample.com","password":"SuperSecretPassw0rd","size":"Small","tags":null,"type":"SimpleAD","vpc_settings":[{"availability_zones":null,"subnet_ids":["aws_subnet.nondefault_1.id","aws_subnet.nondefault_2.id"],"vpc_id":"aws_vpc.nondefault.id"}]},"after_unknown":{"access_url":true,"alias":true,"connect_settings":[],"dns_ip_addresses":true,"edition":true,"id":true,"security_group_id":true,"short_name":true,"vpc_settings":[{"subnet_ids":[false,false]}]}}},{"address":"aws_iam_role.workspaces_default","mode":"managed","type":"aws_iam_role","name":"workspaces_default","provider_name":"aws","change":{"actions":["create"],"before":null,"after":{"assume_role_policy":"{\n  \"Version\": \"2012-10-17\",\n  \"Statement\": [\n    {\n      \"Sid\": \"\",\n      \"Effect\": \"Allow\",\n      \"Action\": \"sts:AssumeRole\",\n      \"Principal\": {\n        \"Service\": \"workspaces.amazonaws.com\"\n      }\n    }\n  ]\n}","description":null,"force_detach_policies":false,"inline_policy":[],"max_session_duration":3600,"name":"workspaces_DefaultRole","name_prefix":null,"path":"/","permissions_boundary":null,"tags":null},"after_unknown":{"arn":true,"create_date":true,"id":true,"inline_policy":[],"managed_policy_arns":true,"unique_id":true}}},{"address":"aws_iam_role_policy_attachment.workspaces_default_self_service_access","mode":"managed","type":"aws_iam_role_policy_attachment","name":"workspaces_default_self_service_access","provider_name":"aws","change":{"actions":["create"],"before":null,"after":{"policy_arn":"arn:aws:iam::aws:policy/AmazonWorkSpacesSelfServiceAccess","role":"workspaces_DefaultRole"},"after_unknown":{"id":true}}},{"address":"aws_iam_role_policy_attachment.workspaces_default_service_access","mode":"managed","type":"aws_iam_role_policy_attachment","name":"workspaces_default_service_access","provider_name":"aws","change":{"actions":["create"],"before":null,"after":{"policy_arn":"arn:aws:iam::aws:policy/AmazonWorkSpacesServiceAccess","role":"workspaces_DefaultRole"},"after_unknown":{"id":true}}},{"address":"aws_internet_gateway.gw","mode":"managed","type":"aws_internet_gateway","name":"gw","provider_name":"aws","change":{"actions":["create"],"before":null,"after":{"tags":{"Name":"main"},"vpc_id":"aws_vpc.nondefault.id"},"after_unknown":{"arn":true,"id":true,"owner_id":true,"tags":{}}}},{"address":"aws_kms_alias.test","mode":"managed","type":"aws_kms_alias","name":"test","provider_name":"aws","change":{"actions":["create"],"before":null,"after":{"name":"alias/test-workspace","name_prefix":null,"target_key_id":"aws_kms_key.test.key_id"},"after_unknown":{"arn":true,"id":true,"target_key_arn":true}}},{"address":"aws_kms_key.test","mode":"managed","type":"aws_kms_key","name":"test","provider_name":"aws","change":{"actions":["create"],"before":null,"after":{"customer_master_key_spec":"SYMMETRIC_DEFAULT","deletion_window_in_days":7,"description":"KMS key for Workspaces - creating","enable_key_rotation":false,"is_enabled":true,"key_usage":"ENCRYPT_DECRYPT","tags":null},"after_unknown":{"arn":true,"id":true,"key_id":true,"policy":true}}},{"address":"aws_route_table.public-rtb","mode":"managed","type":"aws_route_table","name":"public-rtb","provider_name":"aws","change":{"actions":["create"],"before":null,"after":{"route":[{"carrier_gateway_id":null,"cidr_block":"0.0.0.0/0","destination_prefix_list_id":null,"egress_only_gateway_id":null,"gateway_id":"aws_internet_gateway.gw.id","instance_id":null,"ipv6_cidr_block":null,"local_gateway_id":null,"nat_gateway_id":null,"network_interface_id":null,"transit_gateway_id":null,"vpc_endpoint_id":null,"vpc_peering_connection_id":null}],"tags":{"Name":"public-rtb"},"vpc_id":"aws_vpc.nondefault.id"},"after_unknown":{"arn":true,"id":true,"owner_id":true,"propagating_vgws":true,"route":[{}],"tags":{}}}},{"address":"aws_route_table_association.public-rtb-assoc_1","mode":"managed","type":"aws_route_table_association","name":"public-rtb-assoc_1","provider_name":"aws","change":{"actions":["create"],"before":null,"after":{"gateway_id":null,"route_table_id":"aws_route_table.public-rtb.id","subnet_id":"aws_subnet.nondefault_1.id"},"after_unknown":{"id":true}}},{"address":"aws_route_table_association.public-rtb-assoc_2","mode":"managed","type":"aws_route_table_association","name":"public-rtb-assoc_2","provider_name":"aws","change":{"actions":["create"],"before":null,"after":{"gateway_id":null,"route_table_id":"aws_route_table.public-rtb.id","subnet_id":"aws_subnet.nondefault_2.id"},"after_unknown":{"id":true}}},{"address":"aws_security_group.nondefault","mode":"managed","type":"aws_security_group","name":"nondefault","provider_name":"aws","change":{"actions":["create"],"before":null,"after":{"description":"Managed by Terraform","egress":[{"cidr_blocks":["0.0.0.0/0"],"description":null,"from_port":0,"ipv6_cidr_blocks":null,"prefix_list_ids":null,"protocol":"-1","security_groups":null,"self":null,"to_port":0}],"ingress":[{"cidr_blocks":["0.0.0.0/0"],"description":null,"from_port":0,"ipv6_cidr_blocks":null,"prefix_list_ids":null,"protocol":"-1","security_groups":null,"self":null,"to_port":0}],"revoke_rules_on_delete":false,"tags":null,"timeouts":null,"vpc_id":"aws_vpc.nondefault.id"},"after_unknown":{"arn":true,"egress":[{"cidr_blocks":[false]}],"id":true,"ingress":[{"cidr_blocks":[false]}],"name":true,"name_prefix":true,"owner_id":true}}},{"address":"aws_subnet.nondefault_1","mode":"managed","type":"aws_subnet","name":"nondefault_1","provider_name":"aws","change":{"actions":["create"],"before":null,"after":{"assign_ipv6_address_on_creation":false,"availability_zone":"us-east-1c","cidr_block":"10.1.1.128/25","customer_owned_ipv4_pool":null,"ipv6_cidr_block":null,"map_customer_owned_ip_on_launch":null,"map_public_ip_on_launch":false,"outpost_arn":null,"tags":null,"timeouts":null,"vpc_id":"aws_vpc.nondefault.id"},"after_unknown":{"arn":true,"availability_zone_id":true,"id":true,"ipv6_cidr_block_association_id":true,"owner_id":true,"tags_all":true}}},{"address":"aws_subnet.nondefault_2","mode":"managed","type":"aws_subnet","name":"nondefault_2","provider_name":"aws","change":{"actions":["create"],"before":null,"after":{"assign_ipv6_address_on_creation":false,"availability_zone":"us-east-1d","cidr_block":"10.1.1.0/25","customer_owned_ipv4_pool":null,"ipv6_cidr_block":null,"map_customer_owned_ip_on_launch":null,"map_public_ip_on_launch":false,"outpost_arn":null,"tags":null,"timeouts":null,"vpc_id":"aws_vpc.nondefault.id"},"after_unknown":{"arn":true,"availability_zone_id":true,"id":true,"ipv6_cidr_block_association_id":true,"owner_id":true,"tags_all":true}}},{"address":"aws_vpc.nondefault","mode":"managed","type":"aws_vpc","name":"nondefault","provider_name":"aws","change":{"actions":["create"],"before":null,"after":{"assign_generated_ipv6_cidr_block":false,"cidr_block":"10.1.1.0/24","enable_dns_support":true,"instance_tenancy":"default","tags":null},"after_unknown":{"arn":true,"default_network_acl_id":true,"default_route_table_id":true,"default_security_group_id":true,"dhcp_options_id":true,"enable_classiclink":true,"enable_classiclink_dns_support":true,"enable_dns_hostnames":true,"id":true,"ipv6_association_id":true,"ipv6_cidr_block":true,"main_route_table_id":true,"owner_id":true,"tags_all":true}}},{"address":"aws_workspaces_directory.test","mode":"managed","type":"aws_workspaces_directory","name":"test","provider_name":"aws","change":{"actions":["create"],"before":null,"after":{"directory_id":"aws_directory_service_directory.test.id","self_service_permissions":[],"subnet_ids":["aws_subnet.nondefault_1.id","aws_subnet.nondefault_2.id"],"tags":null,"workspace_access_properties":[],"workspace_creation_properties":[]},"after_unknown":{"alias":true,"customer_user_name":true,"directory_name":true,"directory_type":true,"dns_ip_addresses":true,"iam_role_id":true,"id":true,"ip_group_ids":true,"registration_code":true,"self_service_permissions":[],"subnet_ids":[false,false],"workspace_access_properties":[],"workspace_creation_properties":[],"workspace_security_group_id":true}}},{"address":"aws_workspaces_workspace.test","mode":"managed","type":"aws_workspaces_workspace","name":"test","provider_name":"aws","change":{"actions":["create"],"before":null,"after":{"bundle_id":"wsb-bh8rsxt14","directory_id":"aws_workspaces_directory.test.id","root_volume_encryption_enabled":false,"tags":null,"timeouts":null,"user_name":"Administrator","user_volume_encryption_enabled":true,"volume_encryption_key":"aws_kms_alias.test.arn","workspace_properties":[{"compute_type_name":"VALUE","root_volume_size_gib":80,"running_mode":"AUTO_STOP","running_mode_auto_stop_timeout_in_minutes":60,"user_volume_size_gib":10}]},"after_unknown":{"computer_name":true,"id":true,"ip_address":true,"state":true,"workspace_properties":[{}]}}}],"prior_state":{"format_version":"0.1","terraform_version":"0.12.29","values":{"root_module":{"resources":[{"address":"data.aws_iam_policy_document.workspaces","mode":"data","type":"aws_iam_policy_document","name":"workspaces","provider_name":"aws","schema_version":0,"values":{"id":"1504303996","json":"{\n  \"Version\": \"2012-10-17\",\n  \"Statement\": [\n    {\n      \"Sid\": \"\",\n      \"Effect\": \"Allow\",\n      \"Action\": \"sts:AssumeRole\",\n      \"Principal\": {\n        \"Service\": \"workspaces.amazonaws.com\"\n      }\n    }\n  ]\n}","override_json":null,"override_policy_documents":null,"policy_id":null,"source_json":null,"source_policy_documents":null,"statement":[{"actions":["sts:AssumeRole"],"condition":[],"effect":"Allow","not_actions":[],"not_principals":[],"not_resources":[],"principals":[{"identifiers":["workspaces.amazonaws.com"],"type":"Service"}],"resources":[],"sid":""}],"version":"2012-10-17"}},{"address":"data.aws_workspaces_bundle.value_windows_10","mode":"data","type":"aws_workspaces_bundle","name":"value_windows_10","provider_name":"aws","schema_version":0,"values":{"bundle_id":"wsb-bh8rsxt14","compute_type":[{"name":"VALUE"}],"description":"Windows 10 Experience provided by Windows Server 2016 with PCoIP 1 vCPU 2GiB Memory 10GB Storage","id":"wsb-bh8rsxt14","name":"Value with Windows 10","owner":"Amazon","root_storage":[{"capacity":"80"}],"user_storage":[{"capacity":"10"}]}}]}}},"configuration":{"provider_config":{"aws":{"name":"aws","expressions":{"region":{"constant_value":"us-east-1"}}}},"root_module":{"resources":[{"address":"aws_directory_service_directory.test","mode":"managed","type":"aws_directory_service_directory","name":"test","provider_config_key":"aws","expressions":{"name":{"constant_value":"corp.notexample.com"},"password":{"constant_value":"SuperSecretPassw0rd"},"size":{"constant_value":"Small"},"vpc_settings":[{"subnet_ids":{"references":["aws_subnet.nondefault_1","aws_subnet.nondefault_2"]},"vpc_id":{"references":["aws_vpc.nondefault"]}}]},"schema_version":0,"raw_data":{"FileName":"main.tf","StartLine":87,"EndLine":100}},{"address":"aws_iam_role.workspaces_default","mode":"managed","type":"aws_iam_role","name":"workspaces_default","provider_config_key":"aws","expressions":{"assume_role_policy":{"references":["data.aws_iam_policy_document.workspaces"]},"name":{"constant_value":"workspaces_DefaultRole"}},"schema_version":0,"raw_data":{"FileName":"main.tf","StartLine":116,"EndLine":119}},{"address":"aws_iam_role_policy_attachment.workspaces_default_self_service_access","mode":"managed","type":"aws_iam_role_policy_attachment","name":"workspaces_default_self_service_access","provider_config_key":"aws","expressions":{"policy_arn":{"constant_value":"arn:aws:iam::aws:policy/AmazonWorkSpacesSelfServiceAccess"},"role":{"references":["aws_iam_role.workspaces_default"]}},"schema_version":0,"raw_data":{"FileName":"main.tf","StartLine":126,"EndLine":129}},{"address":"aws_iam_role_policy_attachment.workspaces_default_service_access","mode":"managed","type":"aws_iam_role_policy_attachment","name":"workspaces_default_service_access","provider_config_key":"aws","expressions":{"policy_arn":{"constant_value":"arn:aws:iam::aws:policy/AmazonWorkSpacesServiceAccess"},"role":{"references":["aws_iam_role.workspaces_default"]}},"schema_version":0,"raw_data":{"FileName":"main.tf","StartLine":121,"EndLine":124}},{"address":"aws_internet_gateway.gw","mode":"managed","type":"aws_internet_gateway","name":"gw","provider_config_key":"aws","expressions":{"tags":{"constant_value":{"Name":"main"}},"vpc_id":{"references":["aws_vpc.nondefault"]}},"schema_version":0,"raw_data":{"FileName":"main.tf","StartLine":40,"EndLine":46}},{"address":"aws_kms_alias.test","mode":"managed","type":"aws_kms_alias","name":"test","provider_config_key":"aws","expressions":{"name":{"constant_value":"alias/test-workspace"},"target_key_id":{"references":["aws_kms_key.test"]}},"schema_version":0,"raw_data":{"FileName":"main.tf","StartLine":136,"EndLine":139}},{"address":"aws_kms_key.test","mode":"managed","type":"aws_kms_key","name":"test","provider_config_key":"aws","expressions":{"deletion_window_in_days":{"constant_value":7},"description":{"constant_value":"KMS key for Workspaces - creating"}},"schema_version":0,"raw_data":{"FileName":"main.tf","StartLine":131,"EndLine":134}},{"address":"aws_route_table.public-rtb","mode":"managed","type":"aws_route_table","name":"public-rtb","provider_config_key":"aws","expressions":{"tags":{"constant_value":{"Name":"public-rtb"}},"vpc_id":{"references":["aws_vpc.nondefault"]}},"schema_version":0,"raw_data":{"FileName":"main.tf","StartLine":48,"EndLine":59}},{"address":"aws_route_table_association.public-rtb-assoc_1","mode":"managed","type":"aws_route_table_association","name":"public-rtb-assoc_1","provider_config_key":"aws","expressions":{"route_table_id":{"references":["aws_route_table.public-rtb"]},"subnet_id":{"references":["aws_subnet.nondefault_1"]}},"schema_version":0,"raw_data":{"FileName":"main.tf","StartLine":61,"EndLine":64}},{"address":"aws_route_table_association.public-rtb-assoc_2","mode":"managed","type":"aws_route_table_association","name":"public-rtb-assoc_2","provider_config_key":"aws","expressions":{"route_table_id":{"references":["aws_route_table.public-rtb"]},"subnet_id":{"references":["aws_subnet.nondefault_2"]}},"schema_version":0,"raw_data":{"FileName":"main.tf","StartLine":66,"EndLine":69}},{"address":"aws_security_group.nondefault","mode":"managed","type":"aws_security_group","name":"nondefault","provider_config_key":"aws","expressions":{"vpc_id":{"references":["aws_vpc.nondefault"]}},"schema_version":1,"raw_data":{"FileName":"main.tf","StartLine":9,"EndLine":26}},{"address":"aws_subnet.nondefault_1","mode":"managed","type":"aws_subnet","name":"nondefault_1","provider_config_key":"aws","expressions":{"availability_zone":{"constant_value":"us-east-1c"},"cidr_block":{"constant_value":"10.1.1.128/25"},"vpc_id":{"references":["aws_vpc.nondefault"]}},"schema_version":1,"raw_data":{"FileName":"main.tf","StartLine":28,"EndLine":32}},{"address":"aws_subnet.nondefault_2","mode":"managed","type":"aws_subnet","name":"nondefault_2","provider_config_key":"aws","expressions":{"availability_zone":{"constant_value":"us-east-1d"},"cidr_block":{"constant_value":"10.1.1.0/25"},"vpc_id":{"references":["aws_vpc.nondefault"]}},"schema_version":1,"raw_data":{"FileName":"main.tf","StartLine":34,"EndLine":38}},{"address":"aws_vpc.nondefault","mode":"managed","type":"aws_vpc","name":"nondefault","provider_config_key":"aws","expressions":{"cidr_block":{"constant_value":"10.1.1.0/24"}},"schema_version":1,"raw_data":{"FileName":"main.tf","StartLine":5,"EndLine":7}},{"address":"aws_workspaces_directory.test","mode":"managed","type":"aws_workspaces_directory","name":"test","provider_config_key":"aws","expressions":{"directory_id":{"references":["aws_directory_service_directory.test"]},"subnet_ids":{"references":["aws_subnet.nondefault_1","aws_subnet.nondefault_2"]}},"schema_version":0,"depends_on":["aws_iam_role_policy_attachment.workspaces_default_service_access","aws_iam_role_policy_attachment.workspaces_default_self_service_access"],"raw_data":{"FileName":"main.tf","StartLine":102,"EndLine":114}},{"address":"aws_workspaces_workspace.test","mode":"managed","type":"aws_workspaces_workspace","name":"test","provider_config_key":"aws","expressions":{"bundle_id":{"references":["data.aws_workspaces_bundle.value_windows_10"]},"directory_id":{"references":["aws_workspaces_directory.test"]},"user_name":{"constant_value":"Administrator"},"user_volume_encryption_enabled":{"constant_value":true},"volume_encryption_key":{"references":["aws_kms_alias.test"]},"workspace_properties":[{"compute_type_name":{"constant_value":"VALUE"},"root_volume_size_gib":{"constant_value":80},"running_mode":{"constant_value":"AUTO_STOP"},"running_mode_auto_stop_timeout_in_minutes":{"constant_value":60},"user_volume_size_gib":{"constant_value":10}}]},"schema_version":0,"raw_data":{"FileName":"main.tf","StartLine":141,"EndLine":156}},{"address":"data.aws_iam_policy_document.workspaces","mode":"data","type":"aws_iam_policy_document","name":"workspaces","provider_config_key":"aws","expressions":{"statement":[{"actions":{"constant_value":["sts:AssumeRole"]},"principals":[{"identifiers":{"constant_value":["workspaces.amazonaws.com"]},"type":{"constant_value":"Service"}}]}]},"schema_version":0,"raw_data":{"FileName":"main.tf","StartLine":76,"EndLine":85}},{"address":"data.aws_workspaces_bundle.value_windows_10","mode":"data","type":"aws_workspaces_bundle","name":"value_windows_10","provider_config_key":"aws","expressions":{"bundle_id":{"constant_value":"wsb-bh8rsxt14"}},"schema_version":0,"raw_data":{"FileName":"main.tf","StartLine":72,"EndLine":74}}]}}}
