{"format_version":"0.1","terraform_version":"1.0.1-dev","planned_values":{"root_module":{"resources":[{"address":"azurerm_eventhub_namespace.example","mode":"managed","type":"azurerm_eventhub_namespace","name":"example","provider_name":"registry.terraform.io/hashicorp/azurerm","schema_version":0,"values":{"auto_inflate_enabled":false,"capacity":1,"dedicated_cluster_id":null,"identity":[],"location":"westeurope","name":"cr2386eventhubnamespace","resource_group_name":"cr2386-RG","sku":"Basic","tags":null,"timeouts":null,"zone_redundant":false}},{"address":"azurerm_resource_group.rg","mode":"managed","type":"azurerm_resource_group","name":"rg","provider_name":"registry.terraform.io/hashicorp/azurerm","schema_version":0,"values":{"location":"westeurope","name":"cr2386-RG","tags":null,"timeouts":null}}]}},"resource_changes":[{"address":"azurerm_eventhub_namespace.example","mode":"managed","type":"azurerm_eventhub_namespace","name":"example","provider_name":"registry.terraform.io/hashicorp/azurerm","change":{"actions":["create"],"before":null,"after":{"auto_inflate_enabled":false,"capacity":1,"dedicated_cluster_id":null,"identity":[],"location":"westeurope","name":"cr2386eventhubnamespace","resource_group_name":"cr2386-RG","sku":"Basic","tags":null,"timeouts":null,"zone_redundant":false},"after_unknown":{"default_primary_connection_string":true,"default_primary_connection_string_alias":true,"default_primary_key":true,"default_secondary_connection_string":true,"default_secondary_connection_string_alias":true,"default_secondary_key":true,"id":true,"identity":[],"maximum_throughput_units":true,"network_rulesets":true},"before_sensitive":false,"after_sensitive":{"default_primary_connection_string":true,"default_primary_connection_string_alias":true,"default_primary_key":true,"default_secondary_connection_string":true,"default_secondary_connection_string_alias":true,"default_secondary_key":true,"identity":[],"network_rulesets":[]}}},{"address":"azurerm_resource_group.rg","mode":"managed","type":"azurerm_resource_group","name":"rg","provider_name":"registry.terraform.io/hashicorp/azurerm","change":{"actions":["create"],"before":null,"after":{"location":"westeurope","name":"cr2386-RG","tags":null,"timeouts":null},"after_unknown":{"id":true},"before_sensitive":false,"after_sensitive":{}}}],"configuration":{"provider_config":{"azurerm":{"name":"azurerm","expressions":{"features":[{}],"subscription_id":{"constant_value":"230613d8-3b34-4790-b650-36f31045f19a"}}}},"root_module":{"resources":[{"address":"azurerm_eventhub_namespace.example","mode":"managed","type":"azurerm_eventhub_namespace","name":"example","provider_config_key":"azurerm","expressions":{"capacity":{"constant_value":1},"location":{"references":["azurerm_resource_group.rg"]},"name":{"references":["local.resource_prefix"]},"resource_group_name":{"references":["azurerm_resource_group.rg"]},"sku":{"constant_value":"Basic"}},"schema_version":0,"raw_data":{"FileName":"main.tf","StartLine":16,"EndLine":23}},{"address":"azurerm_resource_group.rg","mode":"managed","type":"azurerm_resource_group","name":"rg","provider_config_key":"azurerm","expressions":{"location":{"constant_value":"West Europe"},"name":{"references":["local.resource_prefix"]}},"schema_version":0,"raw_data":{"FileName":"main.tf","StartLine":11,"EndLine":14}}]}}}
