{"format_version":"0.1","terraform_version":"0.12.29","planned_values":{"root_module":{"child_modules":[{"resources":[{"address":"module.test_module.aws_security_group.inbound_to_lb","mode":"managed","type":"aws_security_group","name":"inbound_to_lb","provider_name":"aws","schema_version":1,"values":{"description":"A distinct description","egress":[{"cidr_blocks":["0.0.0.0/0"],"description":"","from_port":0,"ipv6_cidr_blocks":[],"prefix_list_ids":[],"protocol":"-1","security_groups":[],"self":false,"to_port":65535}],"ingress":[{"cidr_blocks":["0.0.0.0/0"],"description":"","from_port":80,"ipv6_cidr_blocks":[],"prefix_list_ids":[],"protocol":"tcp","security_groups":[],"self":false,"to_port":80}],"name":"distinct_name","name_prefix":null,"revoke_rules_on_delete":false,"tags":null,"timeouts":null}}],"address":"module.test_module"}]}},"resource_changes":[{"address":"module.test_module.aws_security_group.inbound_to_lb","module_address":"module.test_module","mode":"managed","type":"aws_security_group","name":"inbound_to_lb","provider_name":"aws","change":{"actions":["create"],"before":null,"after":{"description":"A distinct description","egress":[{"cidr_blocks":["0.0.0.0/0"],"description":"","from_port":0,"ipv6_cidr_blocks":[],"prefix_list_ids":[],"protocol":"-1","security_groups":[],"self":false,"to_port":65535}],"ingress":[{"cidr_blocks":["0.0.0.0/0"],"description":"","from_port":80,"ipv6_cidr_blocks":[],"prefix_list_ids":[],"protocol":"tcp","security_groups":[],"self":false,"to_port":80}],"name":"distinct_name","name_prefix":null,"revoke_rules_on_delete":false,"tags":null,"timeouts":null},"after_unknown":{"arn":true,"egress":[{"cidr_blocks":[false],"ipv6_cidr_blocks":[],"prefix_list_ids":[],"security_groups":[]}],"id":true,"ingress":[{"cidr_blocks":[false],"ipv6_cidr_blocks":[],"prefix_list_ids":[],"security_groups":[]}],"owner_id":true,"vpc_id":true}}}],"configuration":{"provider_config":{"aws":{"name":"aws","version_constraint":"2.70.0","expressions":{"region":{"constant_value":"us-east-1"}}}},"root_module":{"module_calls":{"test_module":{"source":"./security_group/sg-no-vpc-id","module":{"resources":[{"address":"aws_security_group.inbound_to_lb","mode":"managed","type":"aws_security_group","name":"inbound_to_lb","provider_config_key":"test_module:aws","expressions":{"description":{"constant_value":"A distinct description"},"name":{"constant_value":"distinct_name"}},"schema_version":1,"raw_data":{"FileName":"security_group/sg-no-vpc-id/main.tf","StartLine":2,"EndLine":18}}]},"raw_data":{"FileName":"main.tf","StartLine":7,"EndLine":9}}}}}}
