{"format_version":"0.1","terraform_version":"0.13.4","planned_values":{"root_module":{"resources":[{"address":"aws_athena_workgroup.cloudrail_wg","mode":"managed","type":"aws_athena_workgroup","name":"cloudrail_wg","provider_name":"registry.terraform.io/hashicorp/aws","schema_version":0,"values":{"configuration":[{"bytes_scanned_cutoff_per_query":null,"enforce_workgroup_configuration":true,"publish_cloudwatch_metrics_enabled":true,"result_configuration":[{"encryption_configuration":[{"encryption_option":"SSE_S3","kms_key_arn":null}],"output_location":"s3://{aws_s3_bucket.cloudrail_anthena_bucket.bucket}/output/"}]}],"description":null,"force_destroy":false,"name":"cloudrail-wg-encrypted-sse-s3","state":"ENABLED","tags":null}},{"address":"aws_athena_workgroup.cloudrail_wg_2","mode":"managed","type":"aws_athena_workgroup","name":"cloudrail_wg_2","provider_name":"registry.terraform.io/hashicorp/aws","schema_version":0,"values":{"configuration":[{"bytes_scanned_cutoff_per_query":null,"enforce_workgroup_configuration":true,"publish_cloudwatch_metrics_enabled":true,"result_configuration":[{"encryption_configuration":[{"encryption_option":"SSE_S3","kms_key_arn":null}],"output_location":"s3://{aws_s3_bucket.cloudrail_anthena_bucket_2.bucket}/output/"}]}],"description":null,"force_destroy":false,"name":"cloudrail-wg-encrypted-sse-s3-2","state":"ENABLED","tags":null}},{"address":"aws_s3_bucket.cloudrail_anthena_bucket","mode":"managed","type":"aws_s3_bucket","name":"cloudrail_anthena_bucket","provider_name":"registry.terraform.io/hashicorp/aws","schema_version":0,"values":{"acl":"private","bucket":"cloudrail-athena-encrypted--item-sse-s3","bucket_prefix":null,"cors_rule":[],"force_destroy":false,"grant":[],"lifecycle_rule":[],"logging":[],"object_lock_configuration":[],"policy":null,"replication_configuration":[],"server_side_encryption_configuration":[],"tags":null,"versioning":[],"website":[]}},{"address":"aws_s3_bucket.cloudrail_anthena_bucket_2","mode":"managed","type":"aws_s3_bucket","name":"cloudrail_anthena_bucket_2","provider_name":"registry.terraform.io/hashicorp/aws","schema_version":0,"values":{"acl":"private","bucket":"cloudrail-athena-encrypted-item-sse-s3-2","bucket_prefix":null,"cors_rule":[],"force_destroy":false,"grant":[],"lifecycle_rule":[],"logging":[],"object_lock_configuration":[],"policy":null,"replication_configuration":[],"server_side_encryption_configuration":[],"tags":null,"versioning":[],"website":[]}},{"address":"aws_s3_bucket_public_access_block.cloudrail_anthena_bucket","mode":"managed","type":"aws_s3_bucket_public_access_block","name":"cloudrail_anthena_bucket","provider_name":"registry.terraform.io/hashicorp/aws","schema_version":0,"values":{"block_public_acls":true,"block_public_policy":true,"bucket":"aws_s3_bucket.cloudrail_anthena_bucket.id","ignore_public_acls":true,"restrict_public_buckets":true}},{"address":"aws_s3_bucket_public_access_block.cloudrail_anthena_bucket_2","mode":"managed","type":"aws_s3_bucket_public_access_block","name":"cloudrail_anthena_bucket_2","provider_name":"registry.terraform.io/hashicorp/aws","schema_version":0,"values":{"block_public_acls":true,"block_public_policy":true,"bucket":"aws_s3_bucket.cloudrail_anthena_bucket_2.id","ignore_public_acls":true,"restrict_public_buckets":true}}]}},"resource_changes":[{"address":"aws_athena_workgroup.cloudrail_wg","mode":"managed","type":"aws_athena_workgroup","name":"cloudrail_wg","provider_name":"registry.terraform.io/hashicorp/aws","change":{"actions":["create"],"before":null,"after":{"configuration":[{"bytes_scanned_cutoff_per_query":null,"enforce_workgroup_configuration":true,"publish_cloudwatch_metrics_enabled":true,"result_configuration":[{"encryption_configuration":[{"encryption_option":"SSE_S3","kms_key_arn":null}],"output_location":"s3://{aws_s3_bucket.cloudrail_anthena_bucket.bucket}/output/"}]}],"description":null,"force_destroy":false,"name":"cloudrail-wg-encrypted-sse-s3","state":"ENABLED","tags":null},"after_unknown":{"arn":true,"configuration":[{"result_configuration":[{"encryption_configuration":[{}]}]}],"id":true,"tags_all":true}}},{"address":"aws_athena_workgroup.cloudrail_wg_2","mode":"managed","type":"aws_athena_workgroup","name":"cloudrail_wg_2","provider_name":"registry.terraform.io/hashicorp/aws","change":{"actions":["create"],"before":null,"after":{"configuration":[{"bytes_scanned_cutoff_per_query":null,"enforce_workgroup_configuration":true,"publish_cloudwatch_metrics_enabled":true,"result_configuration":[{"encryption_configuration":[{"encryption_option":"SSE_S3","kms_key_arn":null}],"output_location":"s3://{aws_s3_bucket.cloudrail_anthena_bucket_2.bucket}/output/"}]}],"description":null,"force_destroy":false,"name":"cloudrail-wg-encrypted-sse-s3-2","state":"ENABLED","tags":null},"after_unknown":{"arn":true,"configuration":[{"result_configuration":[{"encryption_configuration":[{}]}]}],"id":true,"tags_all":true}}},{"address":"aws_s3_bucket.cloudrail_anthena_bucket","mode":"managed","type":"aws_s3_bucket","name":"cloudrail_anthena_bucket","provider_name":"registry.terraform.io/hashicorp/aws","change":{"actions":["create"],"before":null,"after":{"acl":"private","bucket":"cloudrail-athena-encrypted--item-sse-s3","bucket_prefix":null,"cors_rule":[],"force_destroy":false,"grant":[],"lifecycle_rule":[],"logging":[],"object_lock_configuration":[],"policy":null,"replication_configuration":[],"server_side_encryption_configuration":[],"tags":null,"versioning":[],"website":[]},"after_unknown":{"acceleration_status":true,"arn":true,"bucket_domain_name":true,"bucket_regional_domain_name":true,"cors_rule":[],"grant":[],"hosted_zone_id":true,"id":true,"lifecycle_rule":[],"logging":[],"object_lock_configuration":[],"region":true,"replication_configuration":[],"request_payer":true,"server_side_encryption_configuration":[],"tags_all":true,"versioning":[],"website":[],"website_domain":true,"website_endpoint":true}}},{"address":"aws_s3_bucket.cloudrail_anthena_bucket_2","mode":"managed","type":"aws_s3_bucket","name":"cloudrail_anthena_bucket_2","provider_name":"registry.terraform.io/hashicorp/aws","change":{"actions":["create"],"before":null,"after":{"acl":"private","bucket":"cloudrail-athena-encrypted-item-sse-s3-2","bucket_prefix":null,"cors_rule":[],"force_destroy":false,"grant":[],"lifecycle_rule":[],"logging":[],"object_lock_configuration":[],"policy":null,"replication_configuration":[],"server_side_encryption_configuration":[],"tags":null,"versioning":[],"website":[]},"after_unknown":{"acceleration_status":true,"arn":true,"bucket_domain_name":true,"bucket_regional_domain_name":true,"cors_rule":[],"grant":[],"hosted_zone_id":true,"id":true,"lifecycle_rule":[],"logging":[],"object_lock_configuration":[],"region":true,"replication_configuration":[],"request_payer":true,"server_side_encryption_configuration":[],"tags_all":true,"versioning":[],"website":[],"website_domain":true,"website_endpoint":true}}},{"address":"aws_s3_bucket_public_access_block.cloudrail_anthena_bucket","mode":"managed","type":"aws_s3_bucket_public_access_block","name":"cloudrail_anthena_bucket","provider_name":"registry.terraform.io/hashicorp/aws","change":{"actions":["create"],"before":null,"after":{"block_public_acls":true,"block_public_policy":true,"bucket":"aws_s3_bucket.cloudrail_anthena_bucket.id","ignore_public_acls":true,"restrict_public_buckets":true},"after_unknown":{"id":true}}},{"address":"aws_s3_bucket_public_access_block.cloudrail_anthena_bucket_2","mode":"managed","type":"aws_s3_bucket_public_access_block","name":"cloudrail_anthena_bucket_2","provider_name":"registry.terraform.io/hashicorp/aws","change":{"actions":["create"],"before":null,"after":{"block_public_acls":true,"block_public_policy":true,"bucket":"aws_s3_bucket.cloudrail_anthena_bucket_2.id","ignore_public_acls":true,"restrict_public_buckets":true},"after_unknown":{"id":true}}}],"configuration":{"provider_config":{"aws":{"name":"aws","expressions":{"region":{"constant_value":"us-east-1"}}}},"root_module":{"resources":[{"address":"aws_athena_workgroup.cloudrail_wg","mode":"managed","type":"aws_athena_workgroup","name":"cloudrail_wg","provider_config_key":"aws","expressions":{"configuration":[{"enforce_workgroup_configuration":{"constant_value":true},"publish_cloudwatch_metrics_enabled":{"constant_value":true},"result_configuration":[{"encryption_configuration":[{"encryption_option":{"constant_value":"SSE_S3"}}],"output_location":{"constant_value":"s3://{aws_s3_bucket.cloudrail_anthena_bucket.bucket}/output/"}}]}],"name":{"constant_value":"cloudrail-wg-encrypted-sse-s3"}},"schema_version":0,"raw_data":{"FileName":"main.tf","StartLine":15,"EndLine":30}},{"address":"aws_athena_workgroup.cloudrail_wg_2","mode":"managed","type":"aws_athena_workgroup","name":"cloudrail_wg_2","provider_config_key":"aws","expressions":{"configuration":[{"enforce_workgroup_configuration":{"constant_value":true},"publish_cloudwatch_metrics_enabled":{"constant_value":true},"result_configuration":[{"encryption_configuration":[{"encryption_option":{"constant_value":"SSE_S3"}}],"output_location":{"constant_value":"s3://{aws_s3_bucket.cloudrail_anthena_bucket_2.bucket}/output/"}}]}],"name":{"constant_value":"cloudrail-wg-encrypted-sse-s3-2"}},"schema_version":0,"raw_data":{"FileName":"main.tf","StartLine":45,"EndLine":60}},{"address":"aws_s3_bucket.cloudrail_anthena_bucket","mode":"managed","type":"aws_s3_bucket","name":"cloudrail_anthena_bucket","provider_config_key":"aws","expressions":{"acl":{"constant_value":"private"},"bucket":{"constant_value":"cloudrail-athena-encrypted--item-sse-s3"}},"schema_version":0,"raw_data":{"FileName":"main.tf","StartLine":2,"EndLine":5}},{"address":"aws_s3_bucket.cloudrail_anthena_bucket_2","mode":"managed","type":"aws_s3_bucket","name":"cloudrail_anthena_bucket_2","provider_config_key":"aws","expressions":{"acl":{"constant_value":"private"},"bucket":{"constant_value":"cloudrail-athena-encrypted-item-sse-s3-2"}},"schema_version":0,"raw_data":{"FileName":"main.tf","StartLine":32,"EndLine":35}},{"address":"aws_s3_bucket_public_access_block.cloudrail_anthena_bucket","mode":"managed","type":"aws_s3_bucket_public_access_block","name":"cloudrail_anthena_bucket","provider_config_key":"aws","expressions":{"block_public_acls":{"constant_value":true},"block_public_policy":{"constant_value":true},"bucket":{"references":["aws_s3_bucket.cloudrail_anthena_bucket"]},"ignore_public_acls":{"constant_value":true},"restrict_public_buckets":{"constant_value":true}},"schema_version":0,"raw_data":{"FileName":"main.tf","StartLine":7,"EndLine":13}},{"address":"aws_s3_bucket_public_access_block.cloudrail_anthena_bucket_2","mode":"managed","type":"aws_s3_bucket_public_access_block","name":"cloudrail_anthena_bucket_2","provider_config_key":"aws","expressions":{"block_public_acls":{"constant_value":true},"block_public_policy":{"constant_value":true},"bucket":{"references":["aws_s3_bucket.cloudrail_anthena_bucket_2"]},"ignore_public_acls":{"constant_value":true},"restrict_public_buckets":{"constant_value":true}},"schema_version":0,"raw_data":{"FileName":"main.tf","StartLine":37,"EndLine":43}}]}}}
