{"format_version":"0.1","terraform_version":"0.13.4","planned_values":{"root_module":{"resources":[{"address":"aws_codebuild_project.project-cloudrail-test","mode":"managed","type":"aws_codebuild_project","name":"project-cloudrail-test","provider_name":"registry.terraform.io/hashicorp/aws","schema_version":0,"values":{"artifacts":[{"artifact_identifier":null,"encryption_disabled":null,"location":null,"name":null,"namespace_type":null,"override_artifact_name":null,"packaging":null,"path":null,"type":"NO_ARTIFACTS"}],"badge_enabled":false,"build_batch_config":[],"build_timeout":5,"cache":[{"location":null,"modes":["LOCAL_DOCKER_LAYER_CACHE","LOCAL_SOURCE_CACHE"],"type":"LOCAL"}],"concurrent_build_limit":null,"description":"project-cloudrail-test","environment":[{"certificate":null,"compute_type":"BUILD_GENERAL1_SMALL","environment_variable":[{"name":"SOME_KEY1","type":null,"value":"SOME_VALUE1"}],"image":"aws/codebuild/standard:1.0","image_pull_credentials_type":"CODEBUILD","privileged_mode":null,"registry_credential":[],"type":"LINUX_CONTAINER"}],"file_system_locations":[],"logs_config":[],"name":"project-cloudrail-test","queued_timeout":5,"secondary_artifacts":[],"secondary_sources":[],"service_role":"aws_iam_role.codebuild.arn","source":[{"auth":[],"build_status_config":[],"buildspec":null,"git_clone_depth":1,"git_submodules_config":[],"insecure_ssl":null,"location":"https://github.com/mitchellh/packer.git","report_build_status":null,"type":"GITHUB"}],"source_version":null,"tags":null,"vpc_config":[]}},{"address":"aws_iam_role.codebuild","mode":"managed","type":"aws_iam_role","name":"codebuild","provider_name":"registry.terraform.io/hashicorp/aws","schema_version":0,"values":{"assume_role_policy":"{\n  \"Version\": \"2012-10-17\",\n  \"Statement\": [\n    {\n      \"Effect\": \"Allow\",\n      \"Principal\": {\n        \"Service\": \"codebuild.amazonaws.com\"\n      },\n      \"Action\": \"sts:AssumeRole\"\n    }\n  ]\n}\n","description":null,"force_detach_policies":false,"inline_policy":[],"max_session_duration":3600,"name":"codebuild-cloudrail-test","name_prefix":null,"path":"/","permissions_boundary":null,"tags":null}}]}},"resource_changes":[{"address":"aws_codebuild_project.project-cloudrail-test","mode":"managed","type":"aws_codebuild_project","name":"project-cloudrail-test","provider_name":"registry.terraform.io/hashicorp/aws","change":{"actions":["create"],"before":null,"after":{"artifacts":[{"artifact_identifier":null,"encryption_disabled":null,"location":null,"name":null,"namespace_type":null,"override_artifact_name":null,"packaging":null,"path":null,"type":"NO_ARTIFACTS"}],"badge_enabled":false,"build_batch_config":[],"build_timeout":5,"cache":[{"location":null,"modes":["LOCAL_DOCKER_LAYER_CACHE","LOCAL_SOURCE_CACHE"],"type":"LOCAL"}],"concurrent_build_limit":null,"description":"project-cloudrail-test","environment":[{"certificate":null,"compute_type":"BUILD_GENERAL1_SMALL","environment_variable":[{"name":"SOME_KEY1","type":null,"value":"SOME_VALUE1"}],"image":"aws/codebuild/standard:1.0","image_pull_credentials_type":"CODEBUILD","privileged_mode":null,"registry_credential":[],"type":"LINUX_CONTAINER"}],"file_system_locations":[],"logs_config":[],"name":"project-cloudrail-test","queued_timeout":5,"secondary_artifacts":[],"secondary_sources":[],"service_role":"aws_iam_role.codebuild.arn","source":[{"auth":[],"build_status_config":[],"buildspec":null,"git_clone_depth":1,"git_submodules_config":[],"insecure_ssl":null,"location":"https://github.com/mitchellh/packer.git","report_build_status":null,"type":"GITHUB"}],"source_version":null,"tags":null,"vpc_config":[]},"after_unknown":{"arn":true,"artifacts":[{}],"badge_url":true,"build_batch_config":[],"cache":[{"modes":[false,false]}],"encryption_key":true,"environment":[{"environment_variable":[{}],"registry_credential":[]}],"file_system_locations":[],"id":true,"logs_config":[],"secondary_artifacts":[],"secondary_sources":[],"source":[{"auth":[],"build_status_config":[],"git_submodules_config":[]}],"tags_all":true,"vpc_config":[]}}},{"address":"aws_iam_role.codebuild","mode":"managed","type":"aws_iam_role","name":"codebuild","provider_name":"registry.terraform.io/hashicorp/aws","change":{"actions":["create"],"before":null,"after":{"assume_role_policy":"{\n  \"Version\": \"2012-10-17\",\n  \"Statement\": [\n    {\n      \"Effect\": \"Allow\",\n      \"Principal\": {\n        \"Service\": \"codebuild.amazonaws.com\"\n      },\n      \"Action\": \"sts:AssumeRole\"\n    }\n  ]\n}\n","description":null,"force_detach_policies":false,"inline_policy":[],"max_session_duration":3600,"name":"codebuild-cloudrail-test","name_prefix":null,"path":"/","permissions_boundary":null,"tags":null},"after_unknown":{"arn":true,"create_date":true,"id":true,"inline_policy":[],"managed_policy_arns":true,"tags_all":true,"unique_id":true}}}],"configuration":{"provider_config":{"aws":{"name":"aws","expressions":{"region":{"constant_value":"us-east-1"}}}},"root_module":{"resources":[{"address":"aws_codebuild_project.project-cloudrail-test","mode":"managed","type":"aws_codebuild_project","name":"project-cloudrail-test","provider_config_key":"aws","expressions":{"artifacts":[{"type":{"constant_value":"NO_ARTIFACTS"}}],"build_timeout":{"constant_value":"5"},"cache":[{"modes":{"constant_value":["LOCAL_DOCKER_LAYER_CACHE","LOCAL_SOURCE_CACHE"]},"type":{"constant_value":"LOCAL"}}],"description":{"constant_value":"project-cloudrail-test"},"environment":[{"compute_type":{"constant_value":"BUILD_GENERAL1_SMALL"},"environment_variable":[{"name":{"constant_value":"SOME_KEY1"},"value":{"constant_value":"SOME_VALUE1"}}],"image":{"constant_value":"aws/codebuild/standard:1.0"},"image_pull_credentials_type":{"constant_value":"CODEBUILD"},"type":{"constant_value":"LINUX_CONTAINER"}}],"name":{"constant_value":"project-cloudrail-test"},"queued_timeout":{"constant_value":"5"},"service_role":{"references":["aws_iam_role.codebuild"]},"source":[{"git_clone_depth":{"constant_value":1},"location":{"constant_value":"https://github.com/mitchellh/packer.git"},"type":{"constant_value":"GITHUB"}}]},"schema_version":0,"raw_data":{"FileName":"main.tf","StartLine":22,"EndLine":55}},{"address":"aws_iam_role.codebuild","mode":"managed","type":"aws_iam_role","name":"codebuild","provider_config_key":"aws","expressions":{"assume_role_policy":{"constant_value":"{\n  \"Version\": \"2012-10-17\",\n  \"Statement\": [\n    {\n      \"Effect\": \"Allow\",\n      \"Principal\": {\n        \"Service\": \"codebuild.amazonaws.com\"\n      },\n      \"Action\": \"sts:AssumeRole\"\n    }\n  ]\n}\n"},"name":{"constant_value":"codebuild-cloudrail-test"}},"schema_version":0,"raw_data":{"FileName":"main.tf","StartLine":3,"EndLine":20}}]}}}
