{"format_version":"0.2","terraform_version":"1.0.3","planned_values":{"root_module":{"resources":[{"address":"google_compute_backend_service.test","mode":"managed","type":"google_compute_backend_service","name":"test","provider_name":"registry.terraform.io/hashicorp/google","schema_version":1,"values":{"affinity_cookie_ttl_sec":null,"backend":[],"circuit_breakers":[],"connection_draining_timeout_sec":300,"consistent_hash":[],"custom_request_headers":null,"custom_response_headers":null,"description":null,"enable_cdn":null,"health_checks":null,"iap":[],"load_balancing_scheme":"EXTERNAL","locality_lb_policy":null,"name":"test-backend-service","outlier_detection":[],"port_name":"http","protocol":"HTTP","security_policy":null,"timeout_sec":10,"timeouts":null},"sensitive_values":{"backend":[],"cdn_policy":[],"circuit_breakers":[],"consistent_hash":[],"iap":[],"log_config":[],"outlier_detection":[]}},{"address":"google_compute_backend_service.test-ssl","mode":"managed","type":"google_compute_backend_service","name":"test-ssl","provider_name":"registry.terraform.io/hashicorp/google","schema_version":1,"values":{"affinity_cookie_ttl_sec":null,"backend":[],"circuit_breakers":[],"connection_draining_timeout_sec":300,"consistent_hash":[],"custom_request_headers":null,"custom_response_headers":null,"description":null,"enable_cdn":null,"health_checks":null,"iap":[],"load_balancing_scheme":"EXTERNAL","locality_lb_policy":null,"name":"test-ssl-backend-service","outlier_detection":[],"protocol":"SSL","security_policy":null,"timeout_sec":10,"timeouts":null},"sensitive_values":{"backend":[],"cdn_policy":[],"circuit_breakers":[],"consistent_hash":[],"iap":[],"log_config":[],"outlier_detection":[]}},{"address":"google_compute_global_forwarding_rule.https-forwarding","mode":"managed","type":"google_compute_global_forwarding_rule","name":"https-forwarding","provider_name":"registry.terraform.io/hashicorp/google","schema_version":0,"values":{"description":null,"ip_protocol":"TCP","ip_version":null,"labels":null,"load_balancing_scheme":"EXTERNAL","metadata_filters":[],"name":"test-global-https-forwarding-rule","port_range":"443","timeouts":null},"sensitive_values":{"metadata_filters":[]}},{"address":"google_compute_global_forwarding_rule.ssl-forwarding","mode":"managed","type":"google_compute_global_forwarding_rule","name":"ssl-forwarding","provider_name":"registry.terraform.io/hashicorp/google","schema_version":0,"values":{"description":null,"ip_protocol":"TCP","ip_version":null,"labels":null,"load_balancing_scheme":"EXTERNAL","metadata_filters":[],"name":"test-global-ssl-forwarding-rule","port_range":"443","timeouts":null},"sensitive_values":{"metadata_filters":[]}},{"address":"google_compute_ssl_certificate.test","mode":"managed","type":"google_compute_ssl_certificate","name":"test","provider_name":"registry.terraform.io/hashicorp/google","schema_version":0,"values":{"description":null,"name":"my-certificate","timeouts":null},"sensitive_values":{"private_key":true}},{"address":"google_compute_ssl_policy.test","mode":"managed","type":"google_compute_ssl_policy","name":"test","provider_name":"registry.terraform.io/hashicorp/google","schema_version":0,"values":{"custom_features":null,"description":null,"min_tls_version":"TLS_1_2","name":"test-ssl-policy","profile":"MODERN","timeouts":null},"sensitive_values":{"enabled_features":[]}},{"address":"google_compute_target_https_proxy.test","mode":"managed","type":"google_compute_target_https_proxy","name":"test","provider_name":"registry.terraform.io/hashicorp/google","schema_version":0,"values":{"description":null,"name":"test-proxy","quic_override":"NONE","timeouts":null},"sensitive_values":{"ssl_certificates":[]}},{"address":"google_compute_target_ssl_proxy.test","mode":"managed","type":"google_compute_target_ssl_proxy","name":"test","provider_name":"registry.terraform.io/hashicorp/google","schema_version":0,"values":{"description":null,"name":"test-ssl-proxy","proxy_header":"NONE","timeouts":null},"sensitive_values":{"ssl_certificates":[]}},{"address":"google_compute_url_map.test","mode":"managed","type":"google_compute_url_map","name":"test","provider_name":"registry.terraform.io/hashicorp/google","schema_version":0,"values":{"default_route_action":[],"default_url_redirect":[],"description":"a description","header_action":[],"host_rule":[],"name":"test-url-map","path_matcher":[],"test":[],"timeouts":null},"sensitive_values":{"default_route_action":[],"default_url_redirect":[],"header_action":[],"host_rule":[],"path_matcher":[],"test":[]}},{"address":"tls_private_key.test","mode":"managed","type":"tls_private_key","name":"test","provider_name":"registry.terraform.io/hashicorp/tls","schema_version":0,"values":{"algorithm":"RSA","ecdsa_curve":"P224","rsa_bits":2048},"sensitive_values":{}},{"address":"tls_self_signed_cert.test","mode":"managed","type":"tls_self_signed_cert","name":"test","provider_name":"registry.terraform.io/hashicorp/tls","schema_version":0,"values":{"allowed_uses":["key_encipherment","digital_signature","server_auth"],"dns_names":null,"early_renewal_hours":0,"ip_addresses":null,"is_ca_certificate":null,"key_algorithm":"RSA","ready_for_renewal":true,"set_subject_key_id":null,"subject":[{"common_name":"example.com","country":null,"locality":null,"organization":"ACME Examples, Inc","organizational_unit":null,"postal_code":null,"province":null,"serial_number":null,"street_address":null}],"uris":null,"validity_period_hours":100},"sensitive_values":{"allowed_uses":[false,false,false],"private_key_pem":true,"subject":[{}]}}]}},"resource_changes":[{"address":"google_compute_backend_service.test","mode":"managed","type":"google_compute_backend_service","name":"test","provider_name":"registry.terraform.io/hashicorp/google","change":{"actions":["create"],"before":null,"after":{"affinity_cookie_ttl_sec":null,"backend":[],"circuit_breakers":[],"connection_draining_timeout_sec":300,"consistent_hash":[],"custom_request_headers":null,"custom_response_headers":null,"description":null,"enable_cdn":null,"health_checks":null,"iap":[],"load_balancing_scheme":"EXTERNAL","locality_lb_policy":null,"name":"test-backend-service","outlier_detection":[],"port_name":"http","protocol":"HTTP","security_policy":null,"timeout_sec":10,"timeouts":null},"after_unknown":{"backend":[],"cdn_policy":true,"circuit_breakers":[],"consistent_hash":[],"creation_timestamp":true,"fingerprint":true,"iap":[],"id":true,"log_config":true,"outlier_detection":[],"project":true,"self_link":true,"session_affinity":true},"before_sensitive":false,"after_sensitive":{"backend":[],"cdn_policy":[],"circuit_breakers":[],"consistent_hash":[],"iap":[],"log_config":[],"outlier_detection":[]}}},{"address":"google_compute_backend_service.test-ssl","mode":"managed","type":"google_compute_backend_service","name":"test-ssl","provider_name":"registry.terraform.io/hashicorp/google","change":{"actions":["create"],"before":null,"after":{"affinity_cookie_ttl_sec":null,"backend":[],"circuit_breakers":[],"connection_draining_timeout_sec":300,"consistent_hash":[],"custom_request_headers":null,"custom_response_headers":null,"description":null,"enable_cdn":null,"health_checks":null,"iap":[],"load_balancing_scheme":"EXTERNAL","locality_lb_policy":null,"name":"test-ssl-backend-service","outlier_detection":[],"protocol":"SSL","security_policy":null,"timeout_sec":10,"timeouts":null},"after_unknown":{"backend":[],"cdn_policy":true,"circuit_breakers":[],"consistent_hash":[],"creation_timestamp":true,"fingerprint":true,"iap":[],"id":true,"log_config":true,"outlier_detection":[],"port_name":true,"project":true,"self_link":true,"session_affinity":true},"before_sensitive":false,"after_sensitive":{"backend":[],"cdn_policy":[],"circuit_breakers":[],"consistent_hash":[],"iap":[],"log_config":[],"outlier_detection":[]}}},{"address":"google_compute_global_forwarding_rule.https-forwarding","mode":"managed","type":"google_compute_global_forwarding_rule","name":"https-forwarding","provider_name":"registry.terraform.io/hashicorp/google","change":{"actions":["create"],"before":null,"after":{"description":null,"ip_protocol":"TCP","ip_version":null,"labels":null,"load_balancing_scheme":"EXTERNAL","metadata_filters":[],"name":"test-global-https-forwarding-rule","port_range":"443","timeouts":null},"after_unknown":{"id":true,"ip_address":true,"label_fingerprint":true,"metadata_filters":[],"network":true,"project":true,"self_link":true,"target":true},"before_sensitive":false,"after_sensitive":{"metadata_filters":[]}}},{"address":"google_compute_global_forwarding_rule.ssl-forwarding","mode":"managed","type":"google_compute_global_forwarding_rule","name":"ssl-forwarding","provider_name":"registry.terraform.io/hashicorp/google","change":{"actions":["create"],"before":null,"after":{"description":null,"ip_protocol":"TCP","ip_version":null,"labels":null,"load_balancing_scheme":"EXTERNAL","metadata_filters":[],"name":"test-global-ssl-forwarding-rule","port_range":"443","timeouts":null},"after_unknown":{"id":true,"ip_address":true,"label_fingerprint":true,"metadata_filters":[],"network":true,"project":true,"self_link":true,"target":true},"before_sensitive":false,"after_sensitive":{"metadata_filters":[]}}},{"address":"google_compute_ssl_certificate.test","mode":"managed","type":"google_compute_ssl_certificate","name":"test","provider_name":"registry.terraform.io/hashicorp/google","change":{"actions":["create"],"before":null,"after":{"description":null,"name":"my-certificate","timeouts":null},"after_unknown":{"certificate":true,"certificate_id":true,"creation_timestamp":true,"id":true,"name_prefix":true,"private_key":true,"project":true,"self_link":true},"before_sensitive":false,"after_sensitive":{"certificate":true,"private_key":true}}},{"address":"google_compute_ssl_policy.test","mode":"managed","type":"google_compute_ssl_policy","name":"test","provider_name":"registry.terraform.io/hashicorp/google","change":{"actions":["create"],"before":null,"after":{"custom_features":null,"description":null,"min_tls_version":"TLS_1_2","name":"test-ssl-policy","profile":"MODERN","timeouts":null},"after_unknown":{"creation_timestamp":true,"enabled_features":true,"fingerprint":true,"id":true,"project":true,"self_link":true},"before_sensitive":false,"after_sensitive":{"enabled_features":[]}}},{"address":"google_compute_target_https_proxy.test","mode":"managed","type":"google_compute_target_https_proxy","name":"test","provider_name":"registry.terraform.io/hashicorp/google","change":{"actions":["create"],"before":null,"after":{"description":null,"name":"test-proxy","quic_override":"NONE","timeouts":null},"after_unknown":{"creation_timestamp":true,"id":true,"project":true,"proxy_bind":true,"proxy_id":true,"self_link":true,"ssl_certificates":true,"ssl_policy":true,"url_map":true},"before_sensitive":false,"after_sensitive":{"ssl_certificates":[]}}},{"address":"google_compute_target_ssl_proxy.test","mode":"managed","type":"google_compute_target_ssl_proxy","name":"test","provider_name":"registry.terraform.io/hashicorp/google","change":{"actions":["create"],"before":null,"after":{"description":null,"name":"test-ssl-proxy","proxy_header":"NONE","timeouts":null},"after_unknown":{"backend_service":true,"creation_timestamp":true,"id":true,"project":true,"proxy_id":true,"self_link":true,"ssl_certificates":true,"ssl_policy":true},"before_sensitive":false,"after_sensitive":{"ssl_certificates":[]}}},{"address":"google_compute_url_map.test","mode":"managed","type":"google_compute_url_map","name":"test","provider_name":"registry.terraform.io/hashicorp/google","change":{"actions":["create"],"before":null,"after":{"default_route_action":[],"default_url_redirect":[],"description":"a description","header_action":[],"host_rule":[],"name":"test-url-map","path_matcher":[],"test":[],"timeouts":null},"after_unknown":{"creation_timestamp":true,"default_route_action":[],"default_service":true,"default_url_redirect":[],"fingerprint":true,"header_action":[],"host_rule":[],"id":true,"map_id":true,"path_matcher":[],"project":true,"self_link":true,"test":[]},"before_sensitive":false,"after_sensitive":{"default_route_action":[],"default_url_redirect":[],"header_action":[],"host_rule":[],"path_matcher":[],"test":[]}}},{"address":"tls_private_key.test","mode":"managed","type":"tls_private_key","name":"test","provider_name":"registry.terraform.io/hashicorp/tls","change":{"actions":["create"],"before":null,"after":{"algorithm":"RSA","ecdsa_curve":"P224","rsa_bits":2048},"after_unknown":{"id":true,"private_key_pem":true,"public_key_fingerprint_md5":true,"public_key_openssh":true,"public_key_pem":true},"before_sensitive":false,"after_sensitive":{"private_key_pem":true}}},{"address":"tls_self_signed_cert.test","mode":"managed","type":"tls_self_signed_cert","name":"test","provider_name":"registry.terraform.io/hashicorp/tls","change":{"actions":["create"],"before":null,"after":{"allowed_uses":["key_encipherment","digital_signature","server_auth"],"dns_names":null,"early_renewal_hours":0,"ip_addresses":null,"is_ca_certificate":null,"key_algorithm":"RSA","ready_for_renewal":true,"set_subject_key_id":null,"subject":[{"common_name":"example.com","country":null,"locality":null,"organization":"ACME Examples, Inc","organizational_unit":null,"postal_code":null,"province":null,"serial_number":null,"street_address":null}],"uris":null,"validity_period_hours":100},"after_unknown":{"allowed_uses":[false,false,false],"cert_pem":true,"id":true,"private_key_pem":true,"subject":[{}],"validity_end_time":true,"validity_start_time":true},"before_sensitive":false,"after_sensitive":{"allowed_uses":[false,false,false],"private_key_pem":true,"subject":[{}]}}}],"configuration":{"root_module":{"resources":[{"address":"google_compute_backend_service.test","mode":"managed","type":"google_compute_backend_service","name":"test","provider_config_key":"google","expressions":{"name":{"constant_value":"test-backend-service"},"port_name":{"constant_value":"http"},"protocol":{"constant_value":"HTTP"},"timeout_sec":{"constant_value":10}},"schema_version":1},{"address":"google_compute_backend_service.test-ssl","mode":"managed","type":"google_compute_backend_service","name":"test-ssl","provider_config_key":"google","expressions":{"name":{"constant_value":"test-ssl-backend-service"},"protocol":{"constant_value":"SSL"},"timeout_sec":{"constant_value":10}},"schema_version":1},{"address":"google_compute_global_forwarding_rule.https-forwarding","mode":"managed","type":"google_compute_global_forwarding_rule","name":"https-forwarding","provider_config_key":"google","expressions":{"ip_protocol":{"constant_value":"TCP"},"load_balancing_scheme":{"constant_value":"EXTERNAL"},"name":{"constant_value":"test-global-https-forwarding-rule"},"port_range":{"constant_value":"443"},"target":{"references":["google_compute_target_https_proxy.test.id","google_compute_target_https_proxy.test"]}},"schema_version":0},{"address":"google_compute_global_forwarding_rule.ssl-forwarding","mode":"managed","type":"google_compute_global_forwarding_rule","name":"ssl-forwarding","provider_config_key":"google","expressions":{"ip_protocol":{"constant_value":"TCP"},"load_balancing_scheme":{"constant_value":"EXTERNAL"},"name":{"constant_value":"test-global-ssl-forwarding-rule"},"port_range":{"constant_value":"443"},"target":{"references":["google_compute_target_ssl_proxy.test.id","google_compute_target_ssl_proxy.test"]}},"schema_version":0},{"address":"google_compute_ssl_certificate.test","mode":"managed","type":"google_compute_ssl_certificate","name":"test","provider_config_key":"google","expressions":{"certificate":{"references":["tls_self_signed_cert.test.cert_pem","tls_self_signed_cert.test"]},"name":{"constant_value":"my-certificate"},"private_key":{"references":["tls_private_key.test.private_key_pem","tls_private_key.test"]}},"schema_version":0},{"address":"google_compute_ssl_policy.test","mode":"managed","type":"google_compute_ssl_policy","name":"test","provider_config_key":"google","expressions":{"min_tls_version":{"constant_value":"TLS_1_2"},"name":{"constant_value":"test-ssl-policy"},"profile":{"constant_value":"MODERN"}},"schema_version":0},{"address":"google_compute_target_https_proxy.test","mode":"managed","type":"google_compute_target_https_proxy","name":"test","provider_config_key":"google","expressions":{"name":{"constant_value":"test-proxy"},"ssl_certificates":{"references":["google_compute_ssl_certificate.test.id","google_compute_ssl_certificate.test"]},"ssl_policy":{"references":["google_compute_ssl_policy.test.id","google_compute_ssl_policy.test"]},"url_map":{"references":["google_compute_url_map.test.id","google_compute_url_map.test"]}},"schema_version":0},{"address":"google_compute_target_ssl_proxy.test","mode":"managed","type":"google_compute_target_ssl_proxy","name":"test","provider_config_key":"google","expressions":{"backend_service":{"references":["google_compute_backend_service.test-ssl.id","google_compute_backend_service.test-ssl"]},"name":{"constant_value":"test-ssl-proxy"},"ssl_certificates":{"references":["google_compute_ssl_certificate.test.id","google_compute_ssl_certificate.test"]},"ssl_policy":{"references":["google_compute_ssl_policy.test.id","google_compute_ssl_policy.test"]}},"schema_version":0},{"address":"google_compute_url_map.test","mode":"managed","type":"google_compute_url_map","name":"test","provider_config_key":"google","expressions":{"default_service":{"references":["google_compute_backend_service.test.id","google_compute_backend_service.test"]},"description":{"constant_value":"a description"},"name":{"constant_value":"test-url-map"}},"schema_version":0},{"address":"tls_private_key.test","mode":"managed","type":"tls_private_key","name":"test","provider_config_key":"tls","expressions":{"algorithm":{"constant_value":"RSA"}},"schema_version":0},{"address":"tls_self_signed_cert.test","mode":"managed","type":"tls_self_signed_cert","name":"test","provider_config_key":"tls","expressions":{"allowed_uses":{"constant_value":["key_encipherment","digital_signature","server_auth"]},"key_algorithm":{"constant_value":"RSA"},"private_key_pem":{"references":["tls_private_key.test.private_key_pem","tls_private_key.test"]},"subject":[{"common_name":{"constant_value":"example.com"},"organization":{"constant_value":"ACME Examples, Inc"}}],"validity_period_hours":{"constant_value":100}},"schema_version":0}]}}}
