{"format_version":"0.1","terraform_version":"0.14.4","planned_values":{"root_module":{"resources":[{"address":"aws_secretsmanager_secret.test","mode":"managed","type":"aws_secretsmanager_secret","name":"test","provider_name":"registry.terraform.io/hashicorp/aws","schema_version":0,"values":{"description":null,"kms_key_id":null,"name":"test-cloudrail","recovery_window_in_days":30,"tags":null}}]}},"resource_changes":[{"address":"aws_secretsmanager_secret.test","mode":"managed","type":"aws_secretsmanager_secret","name":"test","provider_name":"registry.terraform.io/hashicorp/aws","change":{"actions":["create"],"before":null,"after":{"description":null,"kms_key_id":null,"name":"test-cloudrail","recovery_window_in_days":30,"tags":null},"after_unknown":{"arn":true,"id":true,"name_prefix":true,"policy":true,"rotation_enabled":true,"rotation_lambda_arn":true,"rotation_rules":true}}}],"configuration":{"provider_config":{"aws":{"name":"aws","expressions":{"region":{"constant_value":"us-east-1"}}}},"root_module":{"resources":[{"address":"aws_secretsmanager_secret.test","mode":"managed","type":"aws_secretsmanager_secret","name":"test","provider_config_key":"aws","expressions":{"name":{"constant_value":"test-cloudrail"}},"schema_version":0}]}}}
