{"format_version":"0.2","terraform_version":"1.0.3","planned_values":{"root_module":{"resources":[{"address":"google_sql_database_instance.cloudsql-open-02","mode":"managed","type":"google_sql_database_instance","name":"cloudsql-open-02","provider_name":"registry.terraform.io/hashicorp/google","schema_version":0,"values":{"clone":[],"database_version":"POSTGRES_11","deletion_protection":false,"name":"open-instance-02","region":"us-west1","restore_backup_context":[],"root_password":null,"settings":[{"collation":null,"database_flags":[],"disk_autoresize":true,"disk_autoresize_limit":0,"insights_config":[],"ip_configuration":[{"authorized_networks":[{"expiration_time":"","name":"allowednetworks-0","value":"8.8.4.0/24"},{"expiration_time":"","name":"allowednetworks-1","value":"35.198.0.0/16"},{"expiration_time":"","name":"allowednetworks-2","value":"107.178.192.0/18"}],"ipv4_enabled":true,"private_network":null,"require_ssl":null}],"maintenance_window":[],"pricing_plan":"PER_USE","tier":"db-f1-micro"}],"timeouts":null},"sensitive_values":{"clone":[],"ip_address":[],"replica_configuration":[],"restore_backup_context":[],"server_ca_cert":[],"settings":[{"authorized_gae_applications":[],"backup_configuration":[],"database_flags":[],"insights_config":[],"ip_configuration":[{"authorized_networks":[{},{},{}]}],"location_preference":[],"maintenance_window":[],"user_labels":{}}]}}]}},"resource_changes":[{"address":"google_sql_database_instance.cloudsql-open-02","mode":"managed","type":"google_sql_database_instance","name":"cloudsql-open-02","provider_name":"registry.terraform.io/hashicorp/google","change":{"actions":["create"],"before":null,"after":{"clone":[],"database_version":"POSTGRES_11","deletion_protection":false,"name":"open-instance-02","region":"us-west1","restore_backup_context":[],"root_password":null,"settings":[{"collation":null,"database_flags":[],"disk_autoresize":true,"disk_autoresize_limit":0,"insights_config":[],"ip_configuration":[{"authorized_networks":[{"expiration_time":"","name":"allowednetworks-0","value":"8.8.4.0/24"},{"expiration_time":"","name":"allowednetworks-1","value":"35.198.0.0/16"},{"expiration_time":"","name":"allowednetworks-2","value":"107.178.192.0/18"}],"ipv4_enabled":true,"private_network":null,"require_ssl":null}],"maintenance_window":[],"pricing_plan":"PER_USE","tier":"db-f1-micro"}],"timeouts":null},"after_unknown":{"clone":[],"connection_name":true,"first_ip_address":true,"id":true,"ip_address":true,"master_instance_name":true,"private_ip_address":true,"project":true,"public_ip_address":true,"replica_configuration":true,"restore_backup_context":[],"self_link":true,"server_ca_cert":true,"service_account_email_address":true,"settings":[{"activation_policy":true,"authorized_gae_applications":true,"availability_type":true,"backup_configuration":true,"crash_safe_replication":true,"database_flags":[],"disk_size":true,"disk_type":true,"insights_config":[],"ip_configuration":[{"authorized_networks":[{},{},{}]}],"location_preference":true,"maintenance_window":[],"replication_type":true,"user_labels":true,"version":true}]},"before_sensitive":false,"after_sensitive":{"clone":[],"ip_address":[],"replica_configuration":[],"restore_backup_context":[],"root_password":true,"server_ca_cert":[],"settings":[{"authorized_gae_applications":[],"backup_configuration":[],"database_flags":[],"insights_config":[],"ip_configuration":[{"authorized_networks":[{},{},{}]}],"location_preference":[],"maintenance_window":[],"user_labels":{}}]}}}],"configuration":{"provider_config":{"google":{"name":"google","expressions":{"project":{"constant_value":"cloudrail-test-proj-001"},"region":{"constant_value":"us-west1"}}}},"root_module":{"resources":[{"address":"google_sql_database_instance.cloudsql-open-02","mode":"managed","type":"google_sql_database_instance","name":"cloudsql-open-02","provider_config_key":"google","expressions":{"database_version":{"constant_value":"POSTGRES_11"},"deletion_protection":{"constant_value":false},"name":{"constant_value":"open-instance-02"},"region":{"constant_value":"us-west1"},"settings":[{"ip_configuration":[{}],"tier":{"constant_value":"db-f1-micro"}}]},"schema_version":0}]}}}
