{"format_version":"0.1","terraform_version":"0.12.29","planned_values":{"root_module":{"resources":[{"address":"aws_rds_global_cluster.global","mode":"managed","type":"aws_rds_global_cluster","name":"global","provider_name":"aws","schema_version":0,"values":{"database_name":null,"deletion_protection":false,"force_destroy":true,"global_cluster_identifier":"cloudrail-test-non-encrypted"}}]}},"resource_changes":[{"address":"aws_rds_global_cluster.global","mode":"managed","type":"aws_rds_global_cluster","name":"global","provider_name":"aws","change":{"actions":["create"],"before":null,"after":{"database_name":null,"deletion_protection":false,"force_destroy":true,"global_cluster_identifier":"cloudrail-test-non-encrypted"},"after_unknown":{"arn":true,"engine":true,"engine_version":true,"global_cluster_members":true,"global_cluster_resource_id":true,"id":true,"source_db_cluster_identifier":true,"storage_encrypted":true}}}],"configuration":{"provider_config":{"aws":{"name":"aws","expressions":{"region":{"constant_value":"us-east-1"}}}},"root_module":{"resources":[{"address":"aws_rds_global_cluster.global","mode":"managed","type":"aws_rds_global_cluster","name":"global","provider_config_key":"aws","expressions":{"force_destroy":{"constant_value":true},"global_cluster_identifier":{"constant_value":"cloudrail-test-non-encrypted"}},"schema_version":0,"raw_data":{"FileName":"main.tf","StartLine":5,"EndLine":8}}]}}}
