{"format_version":"0.1","terraform_version":"0.13.4","planned_values":{"root_module":{"resources":[{"address":"aws_rds_global_cluster.global","mode":"managed","type":"aws_rds_global_cluster","name":"global","provider_name":"registry.terraform.io/hashicorp/aws","schema_version":0,"values":{"database_name":null,"deletion_protection":false,"force_destroy":true,"global_cluster_identifier":"cloudrail-test-encrypted","storage_encrypted":true}}]}},"resource_changes":[{"address":"aws_rds_global_cluster.global","mode":"managed","type":"aws_rds_global_cluster","name":"global","provider_name":"registry.terraform.io/hashicorp/aws","change":{"actions":["create"],"before":null,"after":{"database_name":null,"deletion_protection":false,"force_destroy":true,"global_cluster_identifier":"cloudrail-test-encrypted","storage_encrypted":true},"after_unknown":{"arn":true,"engine":true,"engine_version":true,"global_cluster_members":true,"global_cluster_resource_id":true,"id":true,"source_db_cluster_identifier":true}}}],"configuration":{"provider_config":{"aws":{"name":"aws","expressions":{"region":{"constant_value":"us-east-1"}}}},"root_module":{"resources":[{"address":"aws_rds_global_cluster.global","mode":"managed","type":"aws_rds_global_cluster","name":"global","provider_config_key":"aws","expressions":{"force_destroy":{"constant_value":true},"global_cluster_identifier":{"constant_value":"cloudrail-test-encrypted"},"storage_encrypted":{"constant_value":true}},"schema_version":0,"raw_data":{"FileName":"main.tf","StartLine":1,"EndLine":5}}]}}}
