{"format_version":"0.2","terraform_version":"1.0.3","planned_values":{"root_module":{"resources":[{"address":"google_compute_backend_service.default","mode":"managed","type":"google_compute_backend_service","name":"default","provider_name":"registry.terraform.io/hashicorp/google","schema_version":1,"values":{"affinity_cookie_ttl_sec":null,"backend":[],"circuit_breakers":[],"connection_draining_timeout_sec":300,"consistent_hash":[],"custom_request_headers":null,"custom_response_headers":null,"description":null,"enable_cdn":null,"iap":[],"load_balancing_scheme":"EXTERNAL","locality_lb_policy":null,"name":"backend-service","outlier_detection":[],"port_name":"http","protocol":"HTTP","security_policy":null,"timeout_sec":10,"timeouts":null},"sensitive_values":{"backend":[],"cdn_policy":[],"circuit_breakers":[],"consistent_hash":[],"health_checks":[],"iap":[],"log_config":[],"outlier_detection":[]}},{"address":"google_compute_http_health_check.default","mode":"managed","type":"google_compute_http_health_check","name":"default","provider_name":"registry.terraform.io/hashicorp/google","schema_version":0,"values":{"check_interval_sec":1,"description":null,"healthy_threshold":2,"host":null,"name":"http-health-check","port":80,"request_path":"/","timeout_sec":1,"timeouts":null,"unhealthy_threshold":2},"sensitive_values":{}},{"address":"google_compute_target_http_proxy.default","mode":"managed","type":"google_compute_target_http_proxy","name":"default","provider_name":"registry.terraform.io/hashicorp/google","schema_version":0,"values":{"description":null,"name":"test-proxy","project":"dev-for-tests","timeouts":null},"sensitive_values":{}},{"address":"google_compute_url_map.default","mode":"managed","type":"google_compute_url_map","name":"default","provider_name":"registry.terraform.io/hashicorp/google","schema_version":0,"values":{"default_route_action":[],"default_url_redirect":[],"description":null,"header_action":[],"host_rule":[{"description":"","hosts":["mysite.com"],"path_matcher":"allpaths"}],"name":"url-map","path_matcher":[{"default_route_action":[],"default_url_redirect":[],"description":null,"header_action":[],"name":"allpaths","path_rule":[{"paths":["/*"],"route_action":[],"url_redirect":[]}],"route_rules":[]}],"test":[],"timeouts":null},"sensitive_values":{"default_route_action":[],"default_url_redirect":[],"header_action":[],"host_rule":[{"hosts":[false]}],"path_matcher":[{"default_route_action":[],"default_url_redirect":[],"header_action":[],"path_rule":[{"paths":[false],"route_action":[],"url_redirect":[]}],"route_rules":[]}],"test":[]}}]}},"resource_changes":[{"address":"google_compute_backend_service.default","mode":"managed","type":"google_compute_backend_service","name":"default","provider_name":"registry.terraform.io/hashicorp/google","change":{"actions":["create"],"before":null,"after":{"affinity_cookie_ttl_sec":null,"backend":[],"circuit_breakers":[],"connection_draining_timeout_sec":300,"consistent_hash":[],"custom_request_headers":null,"custom_response_headers":null,"description":null,"enable_cdn":null,"iap":[],"load_balancing_scheme":"EXTERNAL","locality_lb_policy":null,"name":"backend-service","outlier_detection":[],"port_name":"http","protocol":"HTTP","security_policy":null,"timeout_sec":10,"timeouts":null},"after_unknown":{"backend":[],"cdn_policy":true,"circuit_breakers":[],"consistent_hash":[],"creation_timestamp":true,"fingerprint":true,"health_checks":true,"iap":[],"id":true,"log_config":true,"outlier_detection":[],"project":true,"self_link":true,"session_affinity":true},"before_sensitive":false,"after_sensitive":{"backend":[],"cdn_policy":[],"circuit_breakers":[],"consistent_hash":[],"health_checks":[],"iap":[],"log_config":[],"outlier_detection":[]}}},{"address":"google_compute_http_health_check.default","mode":"managed","type":"google_compute_http_health_check","name":"default","provider_name":"registry.terraform.io/hashicorp/google","change":{"actions":["create"],"before":null,"after":{"check_interval_sec":1,"description":null,"healthy_threshold":2,"host":null,"name":"http-health-check","port":80,"request_path":"/","timeout_sec":1,"timeouts":null,"unhealthy_threshold":2},"after_unknown":{"creation_timestamp":true,"id":true,"project":true,"self_link":true},"before_sensitive":false,"after_sensitive":{}}},{"address":"google_compute_target_http_proxy.default","mode":"managed","type":"google_compute_target_http_proxy","name":"default","provider_name":"registry.terraform.io/hashicorp/google","change":{"actions":["create"],"before":null,"after":{"description":null,"name":"test-proxy","project":"dev-for-tests","timeouts":null},"after_unknown":{"creation_timestamp":true,"id":true,"proxy_bind":true,"proxy_id":true,"self_link":true,"url_map":true},"before_sensitive":false,"after_sensitive":{}}},{"address":"google_compute_url_map.default","mode":"managed","type":"google_compute_url_map","name":"default","provider_name":"registry.terraform.io/hashicorp/google","change":{"actions":["create"],"before":null,"after":{"default_route_action":[],"default_url_redirect":[],"description":null,"header_action":[],"host_rule":[{"description":"","hosts":["mysite.com"],"path_matcher":"allpaths"}],"name":"url-map","path_matcher":[{"default_route_action":[],"default_url_redirect":[],"description":null,"header_action":[],"name":"allpaths","path_rule":[{"paths":["/*"],"route_action":[],"url_redirect":[]}],"route_rules":[]}],"test":[],"timeouts":null},"after_unknown":{"creation_timestamp":true,"default_route_action":[],"default_service":true,"default_url_redirect":[],"fingerprint":true,"header_action":[],"host_rule":[{"hosts":[false]}],"id":true,"map_id":true,"path_matcher":[{"default_route_action":[],"default_service":true,"default_url_redirect":[],"header_action":[],"path_rule":[{"paths":[false],"route_action":[],"service":true,"url_redirect":[]}],"route_rules":[]}],"project":true,"self_link":true,"test":[]},"before_sensitive":false,"after_sensitive":{"default_route_action":[],"default_url_redirect":[],"header_action":[],"host_rule":[{"hosts":[false]}],"path_matcher":[{"default_route_action":[],"default_url_redirect":[],"header_action":[],"path_rule":[{"paths":[false],"route_action":[],"url_redirect":[]}],"route_rules":[]}],"test":[]}}}],"configuration":{"root_module":{"resources":[{"address":"google_compute_backend_service.default","mode":"managed","type":"google_compute_backend_service","name":"default","provider_config_key":"google","expressions":{"health_checks":{"references":["google_compute_http_health_check.default.id","google_compute_http_health_check.default"]},"name":{"constant_value":"backend-service"},"port_name":{"constant_value":"http"},"protocol":{"constant_value":"HTTP"},"timeout_sec":{"constant_value":10}},"schema_version":1},{"address":"google_compute_http_health_check.default","mode":"managed","type":"google_compute_http_health_check","name":"default","provider_config_key":"google","expressions":{"check_interval_sec":{"constant_value":1},"name":{"constant_value":"http-health-check"},"request_path":{"constant_value":"/"},"timeout_sec":{"constant_value":1}},"schema_version":0},{"address":"google_compute_target_http_proxy.default","mode":"managed","type":"google_compute_target_http_proxy","name":"default","provider_config_key":"google","expressions":{"name":{"constant_value":"test-proxy"},"project":{"constant_value":"dev-for-tests"},"url_map":{"references":["google_compute_url_map.default.id","google_compute_url_map.default"]}},"schema_version":0},{"address":"google_compute_url_map.default","mode":"managed","type":"google_compute_url_map","name":"default","provider_config_key":"google","expressions":{"default_service":{"references":["google_compute_backend_service.default.id","google_compute_backend_service.default"]},"host_rule":[{"hosts":{"constant_value":["mysite.com"]},"path_matcher":{"constant_value":"allpaths"}}],"name":{"constant_value":"url-map"},"path_matcher":[{"default_service":{"references":["google_compute_backend_service.default.id","google_compute_backend_service.default"]},"name":{"constant_value":"allpaths"},"path_rule":[{"paths":{"constant_value":["/*"]},"service":{"references":["google_compute_backend_service.default.id","google_compute_backend_service.default"]}}]}]},"schema_version":0}]}}}
