{"format_version":"0.1","terraform_version":"0.12.29","planned_values":{"outputs":{"alb_dns_name":{"sensitive":false,"value":"module.atlantis.module.alb.aws_lb.this[0].dns_name"},"alb_zone_id":{"sensitive":false,"value":"module.atlantis.module.alb.aws_lb.this[0].zone_id"},"atlantis_allowed_repo_names":{"sensitive":false,"value":[]},"atlantis_url":{"sensitive":false,"value":"https://module.atlantis.module.alb.aws_lb.this[0].dns_name"},"atlantis_url_events":{"sensitive":false,"value":"https://module.atlantis.module.alb.aws_lb.this[0].dns_name/events"},"azs":{"sensitive":false,"value":["eu-west-1a","eu-west-1b","eu-west-1c"]},"cgw_arns":{"sensitive":false,"value":[]},"cgw_ids":{"sensitive":false,"value":[]},"database_internet_gateway_route_id":{"sensitive":false,"value":""},"database_ipv6_egress_route_id":{"sensitive":false,"value":""},"database_nat_gateway_route_ids":{"sensitive":false,"value":[]},"database_network_acl_arn":{"sensitive":false,"value":""},"database_network_acl_id":{"sensitive":false,"value":""},"database_route_table_association_ids":{"sensitive":false,"value":[]},"database_route_table_ids":{"sensitive":false,"value":["module.atlantis.module.vpc.aws_route_table.private[0].id"]},"database_subnet_arns":{"sensitive":false,"value":[]},"database_subnet_group":{"sensitive":false,"value":""},"database_subnets":{"sensitive":false,"value":[]},"database_subnets_cidr_blocks":{"sensitive":false,"value":[]},"database_subnets_ipv6_cidr_blocks":{"sensitive":false,"value":[]},"default_network_acl_id":{"sensitive":false,"value":"module.atlantis.module.vpc.aws_vpc.this[0].default_network_acl_id"},"default_route_table_id":{"sensitive":false,"value":"module.atlantis.module.vpc.aws_vpc.this[0].default_route_table_id"},"default_security_group_id":{"sensitive":false,"value":"module.atlantis.module.vpc.aws_vpc.this[0].default_security_group_id"},"default_vpc_arn":{"sensitive":false,"value":""},"default_vpc_cidr_block":{"sensitive":false,"value":""},"default_vpc_default_network_acl_id":{"sensitive":false,"value":""},"default_vpc_default_route_table_id":{"sensitive":false,"value":""},"default_vpc_default_security_group_id":{"sensitive":false,"value":""},"default_vpc_enable_dns_hostnames":{"sensitive":false,"value":""},"default_vpc_enable_dns_support":{"sensitive":false,"value":""},"default_vpc_id":{"sensitive":false,"value":""},"default_vpc_instance_tenancy":{"sensitive":false,"value":""},"default_vpc_main_route_table_id":{"sensitive":false,"value":""},"distinct_domain_names":{"sensitive":false,"value":["atlantis."]},"ecs_security_group":{"sensitive":false,"value":"module.atlantis.module.atlantis_sg.aws_security_group.this_name_prefix[0].id"},"ecs_task_definition":{"sensitive":false,"value":"module.atlantis.aws_ecs_service.atlantis.task_definition"},"egress_only_internet_gateway_id":{"sensitive":false,"value":""},"elasticache_network_acl_arn":{"sensitive":false,"value":""},"elasticache_network_acl_id":{"sensitive":false,"value":""},"elasticache_route_table_association_ids":{"sensitive":false,"value":[]},"elasticache_route_table_ids":{"sensitive":false,"value":["module.atlantis.module.vpc.aws_route_table.private[0].id"]},"elasticache_subnet_arns":{"sensitive":false,"value":[]},"elasticache_subnet_group":{"sensitive":false,"value":""},"elasticache_subnet_group_name":{"sensitive":false,"value":""},"elasticache_subnets":{"sensitive":false,"value":[]},"elasticache_subnets_cidr_blocks":{"sensitive":false,"value":[]},"elasticache_subnets_ipv6_cidr_blocks":{"sensitive":false,"value":[]},"http_tcp_listener_arns":{"sensitive":false,"value":["module.atlantis.module.alb.aws_lb_listener.frontend_http_tcp[0].arn"]},"http_tcp_listener_ids":{"sensitive":false,"value":["module.atlantis.module.alb.aws_lb_listener.frontend_http_tcp[0].id"]},"https_listener_arns":{"sensitive":false,"value":["module.atlantis.module.alb.aws_lb_listener.frontend_https[0].arn"]},"https_listener_ids":{"sensitive":false,"value":["module.atlantis.module.alb.aws_lb_listener.frontend_https[0].id"]},"igw_arn":{"sensitive":false,"value":"module.atlantis.module.vpc.aws_internet_gateway.this[0].arn"},"igw_id":{"sensitive":false,"value":"module.atlantis.module.vpc.aws_internet_gateway.this[0].id"},"intra_network_acl_arn":{"sensitive":false,"value":""},"intra_network_acl_id":{"sensitive":false,"value":""},"intra_route_table_association_ids":{"sensitive":false,"value":[]},"intra_route_table_ids":{"sensitive":false,"value":[]},"intra_subnet_arns":{"sensitive":false,"value":[]},"intra_subnets":{"sensitive":false,"value":[]},"intra_subnets_cidr_blocks":{"sensitive":false,"value":[]},"intra_subnets_ipv6_cidr_blocks":{"sensitive":false,"value":[]},"json_map_encoded":{"sensitive":false,"value":"{\"cpu\":256,\"environment\":[{\"name\":\"ATLANTIS_ALLOW_REPO_CONFIG\",\"value\":\"false\"},{\"name\":\"ATLANTIS_ATLANTIS_URL\",\"value\":\"https://module.atlantis.module.alb.aws_lb.this[0].dns_name\"},{\"name\":\"ATLANTIS_BITBUCKET_BASE_URL\",\"value\":\"\"},{\"name\":\"ATLANTIS_BITBUCKET_USER\",\"value\":\"\"},{\"name\":\"ATLANTIS_GH_USER\",\"value\":\"atlantis-bot\"},{\"name\":\"ATLANTIS_GITLAB_HOSTNAME\",\"value\":\"gitlab.com\"},{\"name\":\"ATLANTIS_GITLAB_USER\",\"value\":\"\"},{\"name\":\"ATLANTIS_HIDE_PREV_PLAN_COMMENTS\",\"value\":\"false\"},{\"name\":\"ATLANTIS_LOG_LEVEL\",\"value\":\"debug\"},{\"name\":\"ATLANTIS_PORT\",\"value\":\"4141\"},{\"name\":\"ATLANTIS_REPO_WHITELIST\",\"value\":\"github.com/terraform-aws-modules/*\"}],\"essential\":true,\"image\":\"runatlantis/atlantis:latest\",\"logConfiguration\":{\"logDriver\":\"awslogs\",\"options\":{\"awslogs-group\":\"atlantis\",\"awslogs-region\":\"us-east-1\",\"awslogs-stream-prefix\":\"ecs\"},\"secretOptions\":[]},\"memory\":512,\"memoryReservation\":128,\"mountPoints\":[],\"name\":\"atlantis\",\"portMappings\":[{\"containerPort\":4141,\"hostPort\":4141,\"protocol\":\"tcp\"}],\"readonlyRootFilesystem\":false,\"secrets\":[{\"name\":\"ATLANTIS_GH_TOKEN\",\"valueFrom\":\"/atlantis/github/user/token\"}],\"startTimeout\":30,\"stopTimeout\":30,\"volumesFrom\":[]}"},"json_map_encoded_list":{"sensitive":false,"value":"[{\"cpu\":256,\"environment\":[{\"name\":\"ATLANTIS_ALLOW_REPO_CONFIG\",\"value\":\"false\"},{\"name\":\"ATLANTIS_ATLANTIS_URL\",\"value\":\"https://module.atlantis.module.alb.aws_lb.this[0].dns_name\"},{\"name\":\"ATLANTIS_BITBUCKET_BASE_URL\",\"value\":\"\"},{\"name\":\"ATLANTIS_BITBUCKET_USER\",\"value\":\"\"},{\"name\":\"ATLANTIS_GH_USER\",\"value\":\"atlantis-bot\"},{\"name\":\"ATLANTIS_GITLAB_HOSTNAME\",\"value\":\"gitlab.com\"},{\"name\":\"ATLANTIS_GITLAB_USER\",\"value\":\"\"},{\"name\":\"ATLANTIS_HIDE_PREV_PLAN_COMMENTS\",\"value\":\"false\"},{\"name\":\"ATLANTIS_LOG_LEVEL\",\"value\":\"debug\"},{\"name\":\"ATLANTIS_PORT\",\"value\":\"4141\"},{\"name\":\"ATLANTIS_REPO_WHITELIST\",\"value\":\"github.com/terraform-aws-modules/*\"}],\"essential\":true,\"image\":\"runatlantis/atlantis:latest\",\"logConfiguration\":{\"logDriver\":\"awslogs\",\"options\":{\"awslogs-group\":\"atlantis\",\"awslogs-region\":\"us-east-1\",\"awslogs-stream-prefix\":\"ecs\"},\"secretOptions\":[]},\"memory\":512,\"memoryReservation\":128,\"mountPoints\":[],\"name\":\"atlantis\",\"portMappings\":[{\"containerPort\":4141,\"hostPort\":4141,\"protocol\":\"tcp\"}],\"readonlyRootFilesystem\":false,\"secrets\":[{\"name\":\"ATLANTIS_GH_TOKEN\",\"valueFrom\":\"/atlantis/github/user/token\"}],\"startTimeout\":30,\"stopTimeout\":30,\"volumesFrom\":[]}]"},"json_map_object":{"sensitive":false,"value":{"cpu":256,"environment":[{"name":"ATLANTIS_ALLOW_REPO_CONFIG","value":"false"},{"name":"ATLANTIS_ATLANTIS_URL","value":"https://module.atlantis.module.alb.aws_lb.this[0].dns_name"},{"name":"ATLANTIS_BITBUCKET_BASE_URL","value":""},{"name":"ATLANTIS_BITBUCKET_USER","value":""},{"name":"ATLANTIS_GH_USER","value":"atlantis-bot"},{"name":"ATLANTIS_GITLAB_HOSTNAME","value":"gitlab.com"},{"name":"ATLANTIS_GITLAB_USER","value":""},{"name":"ATLANTIS_HIDE_PREV_PLAN_COMMENTS","value":"false"},{"name":"ATLANTIS_LOG_LEVEL","value":"debug"},{"name":"ATLANTIS_PORT","value":"4141"},{"name":"ATLANTIS_REPO_WHITELIST","value":"github.com/terraform-aws-modules/*"}],"essential":true,"image":"runatlantis/atlantis:latest","logConfiguration":{"logDriver":"awslogs","options":{"awslogs-group":"atlantis","awslogs-region":"us-east-1","awslogs-stream-prefix":"ecs"},"secretOptions":[]},"memory":512,"memoryReservation":128,"mountPoints":[],"name":"atlantis","portMappings":[{"containerPort":4141,"hostPort":4141,"protocol":"tcp"}],"readonlyRootFilesystem":false,"secrets":[{"name":"ATLANTIS_GH_TOKEN","valueFrom":"/atlantis/github/user/token"}],"startTimeout":30,"stopTimeout":30,"volumesFrom":[]}},"name":{"sensitive":false,"value":"atlantis"},"nat_ids":{"sensitive":false,"value":["module.atlantis.module.vpc.aws_eip.nat[0].id"]},"nat_public_ips":{"sensitive":false,"value":["module.atlantis.module.vpc.aws_eip.nat[0].public_ip"]},"natgw_ids":{"sensitive":false,"value":["module.atlantis.module.vpc.aws_nat_gateway.this[0].id"]},"private_ipv6_egress_route_ids":{"sensitive":false,"value":[]},"private_nat_gateway_route_ids":{"sensitive":false,"value":["module.atlantis.module.vpc.aws_route.private_nat_gateway[0].id"]},"private_network_acl_arn":{"sensitive":false,"value":""},"private_network_acl_id":{"sensitive":false,"value":""},"private_route_table_association_ids":{"sensitive":false,"value":["module.atlantis.module.vpc.aws_route_table_association.private[0].id","module.atlantis.module.vpc.aws_route_table_association.private[1].id","module.atlantis.module.vpc.aws_route_table_association.private[2].id"]},"private_route_table_ids":{"sensitive":false,"value":["module.atlantis.module.vpc.aws_route_table.private[0].id"]},"private_subnet_arns":{"sensitive":false,"value":["module.atlantis.module.vpc.aws_subnet.private[0].arn","module.atlantis.module.vpc.aws_subnet.private[1].arn","module.atlantis.module.vpc.aws_subnet.private[2].arn"]},"private_subnet_ids":{"sensitive":false,"value":["module.atlantis.module.vpc.aws_subnet.private[0].id","module.atlantis.module.vpc.aws_subnet.private[1].id","module.atlantis.module.vpc.aws_subnet.private[2].id"]},"private_subnets":{"sensitive":false,"value":["module.atlantis.module.vpc.aws_subnet.private[0].id","module.atlantis.module.vpc.aws_subnet.private[1].id","module.atlantis.module.vpc.aws_subnet.private[2].id"]},"private_subnets_cidr_blocks":{"sensitive":false,"value":["10.20.1.0/24","10.20.2.0/24","10.20.3.0/24"]},"private_subnets_ipv6_cidr_blocks":{"sensitive":false,"value":[null,null,null]},"public_internet_gateway_ipv6_route_id":{"sensitive":false,"value":""},"public_internet_gateway_route_id":{"sensitive":false,"value":"module.atlantis.module.vpc.aws_route.public_internet_gateway[0].id"},"public_network_acl_arn":{"sensitive":false,"value":""},"public_network_acl_id":{"sensitive":false,"value":""},"public_route_table_association_ids":{"sensitive":false,"value":["module.atlantis.module.vpc.aws_route_table_association.public[0].id","module.atlantis.module.vpc.aws_route_table_association.public[1].id","module.atlantis.module.vpc.aws_route_table_association.public[2].id"]},"public_route_table_ids":{"sensitive":false,"value":["module.atlantis.module.vpc.aws_route_table.public[0].id"]},"public_subnet_arns":{"sensitive":false,"value":["module.atlantis.module.vpc.aws_subnet.public[0].arn","module.atlantis.module.vpc.aws_subnet.public[1].arn","module.atlantis.module.vpc.aws_subnet.public[2].arn"]},"public_subnet_ids":{"sensitive":false,"value":["module.atlantis.module.vpc.aws_subnet.public[0].id","module.atlantis.module.vpc.aws_subnet.public[1].id","module.atlantis.module.vpc.aws_subnet.public[2].id"]},"public_subnets":{"sensitive":false,"value":["module.atlantis.module.vpc.aws_subnet.public[0].id","module.atlantis.module.vpc.aws_subnet.public[1].id","module.atlantis.module.vpc.aws_subnet.public[2].id"]},"public_subnets_cidr_blocks":{"sensitive":false,"value":["10.20.101.0/24","10.20.102.0/24","10.20.103.0/24"]},"public_subnets_ipv6_cidr_blocks":{"sensitive":false,"value":[null,null,null]},"redshift_network_acl_arn":{"sensitive":false,"value":""},"redshift_network_acl_id":{"sensitive":false,"value":""},"redshift_public_route_table_association_ids":{"sensitive":false,"value":[]},"redshift_route_table_association_ids":{"sensitive":false,"value":[]},"redshift_route_table_ids":{"sensitive":false,"value":["module.atlantis.module.vpc.aws_route_table.private[0].id"]},"redshift_subnet_arns":{"sensitive":false,"value":[]},"redshift_subnet_group":{"sensitive":false,"value":""},"redshift_subnets":{"sensitive":false,"value":[]},"redshift_subnets_cidr_blocks":{"sensitive":false,"value":[]},"redshift_subnets_ipv6_cidr_blocks":{"sensitive":false,"value":[]},"target_group_arn_suffixes":{"sensitive":false,"value":["module.atlantis.module.alb.aws_lb_target_group.main[0].arn_suffix"]},"target_group_arns":{"sensitive":false,"value":["module.atlantis.module.alb.aws_lb_target_group.main[0].arn"]},"target_group_names":{"sensitive":false,"value":["atlantis"]},"task_role_arn":{"sensitive":false,"value":"module.atlantis.aws_iam_role.ecs_task_execution.arn"},"task_role_id":{"sensitive":false,"value":"module.atlantis.aws_iam_role.ecs_task_execution.id"},"task_role_name":{"sensitive":false,"value":"atlantis-ecs_task_execution"},"task_role_unique_id":{"sensitive":false,"value":"module.atlantis.aws_iam_role.ecs_task_execution.unique_id"},"this_acm_certificate_arn":{"sensitive":false,"value":""},"this_acm_certificate_domain_validation_options":{"sensitive":false,"value":[]},"this_acm_certificate_validation_emails":{"sensitive":false,"value":[]},"this_customer_gateway":{"sensitive":false,"value":{}},"this_ecs_cluster_arn":{"sensitive":false,"value":"module.atlantis.module.ecs.aws_ecs_cluster.this[0].arn"},"this_ecs_cluster_id":{"sensitive":false,"value":"module.atlantis.module.ecs.aws_ecs_cluster.this[0].id"},"this_ecs_cluster_name":{"sensitive":false,"value":"atlantis"},"this_lb_arn":{"sensitive":false,"value":"module.atlantis.module.alb.aws_lb.this[0].arn"},"this_lb_arn_suffix":{"sensitive":false,"value":"module.atlantis.module.alb.aws_lb.this[0].arn_suffix"},"this_lb_dns_name":{"sensitive":false,"value":"module.atlantis.module.alb.aws_lb.this[0].dns_name"},"this_lb_id":{"sensitive":false,"value":"module.atlantis.module.alb.aws_lb.this[0].id"},"this_lb_zone_id":{"sensitive":false,"value":"module.atlantis.module.alb.aws_lb.this[0].zone_id"},"this_security_group_description":{"sensitive":false,"value":"Security group with HTTP ports open for specific IPv4 CIDR block (or everybody), egress ports are all world open"},"this_security_group_id":{"sensitive":false,"value":"module.atlantis.module.alb_http_sg.module.sg.aws_security_group.this_name_prefix[0].id"},"this_security_group_name":{"sensitive":false,"value":"module.atlantis.module.alb_http_sg.module.sg.aws_security_group.this_name_prefix[0].name"},"this_security_group_owner_id":{"sensitive":false,"value":"module.atlantis.module.alb_http_sg.module.sg.aws_security_group.this_name_prefix[0].owner_id"},"this_security_group_vpc_id":{"sensitive":false,"value":"module.atlantis.module.vpc.aws_vpc.this[0].id"},"validation_domains":{"sensitive":false,"value":[]},"validation_route53_record_fqdns":{"sensitive":false,"value":[]},"vgw_arn":{"sensitive":false,"value":""},"vgw_id":{"sensitive":false,"value":""},"vpc_arn":{"sensitive":false,"value":"module.atlantis.module.vpc.aws_vpc.this[0].arn"},"vpc_cidr_block":{"sensitive":false,"value":"10.20.0.0/16"},"vpc_enable_dns_hostnames":{"sensitive":false,"value":false},"vpc_enable_dns_support":{"sensitive":false,"value":true},"vpc_endpoint_access_analyzer_dns_entry":{"sensitive":false,"value":[]},"vpc_endpoint_access_analyzer_id":{"sensitive":false,"value":""},"vpc_endpoint_access_analyzer_network_interface_ids":{"sensitive":false,"value":[]},"vpc_endpoint_acm_pca_dns_entry":{"sensitive":false,"value":[]},"vpc_endpoint_acm_pca_id":{"sensitive":false,"value":""},"vpc_endpoint_acm_pca_network_interface_ids":{"sensitive":false,"value":[]},"vpc_endpoint_apigw_dns_entry":{"sensitive":false,"value":[]},"vpc_endpoint_apigw_id":{"sensitive":false,"value":""},"vpc_endpoint_apigw_network_interface_ids":{"sensitive":false,"value":[]},"vpc_endpoint_appmesh_envoy_management_dns_entry":{"sensitive":false,"value":[]},"vpc_endpoint_appmesh_envoy_management_id":{"sensitive":false,"value":""},"vpc_endpoint_appmesh_envoy_management_network_interface_ids":{"sensitive":false,"value":[]},"vpc_endpoint_appstream_api_dns_entry":{"sensitive":false,"value":[]},"vpc_endpoint_appstream_api_id":{"sensitive":false,"value":""},"vpc_endpoint_appstream_api_network_interface_ids":{"sensitive":false,"value":[]},"vpc_endpoint_appstream_streaming_dns_entry":{"sensitive":false,"value":[]},"vpc_endpoint_appstream_streaming_id":{"sensitive":false,"value":""},"vpc_endpoint_appstream_streaming_network_interface_ids":{"sensitive":false,"value":[]},"vpc_endpoint_athena_dns_entry":{"sensitive":false,"value":[]},"vpc_endpoint_athena_id":{"sensitive":false,"value":""},"vpc_endpoint_athena_network_interface_ids":{"sensitive":false,"value":[]},"vpc_endpoint_auto_scaling_plans_dns_entry":{"sensitive":false,"value":[]},"vpc_endpoint_auto_scaling_plans_id":{"sensitive":false,"value":""},"vpc_endpoint_auto_scaling_plans_network_interface_ids":{"sensitive":false,"value":[]},"vpc_endpoint_cloud_directory_dns_entry":{"sensitive":false,"value":[]},"vpc_endpoint_cloud_directory_id":{"sensitive":false,"value":""},"vpc_endpoint_cloud_directory_network_interface_ids":{"sensitive":false,"value":[]},"vpc_endpoint_cloudformation_dns_entry":{"sensitive":false,"value":[]},"vpc_endpoint_cloudformation_id":{"sensitive":false,"value":""},"vpc_endpoint_cloudformation_network_interface_ids":{"sensitive":false,"value":[]},"vpc_endpoint_cloudtrail_dns_entry":{"sensitive":false,"value":[]},"vpc_endpoint_cloudtrail_id":{"sensitive":false,"value":""},"vpc_endpoint_cloudtrail_network_interface_ids":{"sensitive":false,"value":[]},"vpc_endpoint_codeartifact_api_dns_entry":{"sensitive":false,"value":[]},"vpc_endpoint_codeartifact_api_id":{"sensitive":false,"value":""},"vpc_endpoint_codeartifact_api_network_interface_ids":{"sensitive":false,"value":[]},"vpc_endpoint_codeartifact_repositories_dns_entry":{"sensitive":false,"value":[]},"vpc_endpoint_codeartifact_repositories_id":{"sensitive":false,"value":""},"vpc_endpoint_codeartifact_repositories_network_interface_ids":{"sensitive":false,"value":[]},"vpc_endpoint_codebuild_dns_entry":{"sensitive":false,"value":[]},"vpc_endpoint_codebuild_id":{"sensitive":false,"value":""},"vpc_endpoint_codebuild_network_interface_ids":{"sensitive":false,"value":[]},"vpc_endpoint_codecommit_dns_entry":{"sensitive":false,"value":[]},"vpc_endpoint_codecommit_id":{"sensitive":false,"value":""},"vpc_endpoint_codecommit_network_interface_ids":{"sensitive":false,"value":[]},"vpc_endpoint_codepipeline_dns_entry":{"sensitive":false,"value":[]},"vpc_endpoint_codepipeline_id":{"sensitive":false,"value":""},"vpc_endpoint_codepipeline_network_interface_ids":{"sensitive":false,"value":[]},"vpc_endpoint_config_dns_entry":{"sensitive":false,"value":[]},"vpc_endpoint_config_id":{"sensitive":false,"value":""},"vpc_endpoint_config_network_interface_ids":{"sensitive":false,"value":[]},"vpc_endpoint_datasync_dns_entry":{"sensitive":false,"value":[]},"vpc_endpoint_datasync_id":{"sensitive":false,"value":""},"vpc_endpoint_datasync_network_interface_ids":{"sensitive":false,"value":[]},"vpc_endpoint_dynamodb_id":{"sensitive":false,"value":""},"vpc_endpoint_dynamodb_pl_id":{"sensitive":false,"value":""},"vpc_endpoint_ebs_dns_entry":{"sensitive":false,"value":[]},"vpc_endpoint_ebs_id":{"sensitive":false,"value":""},"vpc_endpoint_ebs_network_interface_ids":{"sensitive":false,"value":[]},"vpc_endpoint_ec2_autoscaling_dns_entry":{"sensitive":false,"value":[]},"vpc_endpoint_ec2_autoscaling_id":{"sensitive":false,"value":""},"vpc_endpoint_ec2_autoscaling_network_interface_ids":{"sensitive":false,"value":[]},"vpc_endpoint_ec2_dns_entry":{"sensitive":false,"value":[]},"vpc_endpoint_ec2_id":{"sensitive":false,"value":""},"vpc_endpoint_ec2_network_interface_ids":{"sensitive":false,"value":[]},"vpc_endpoint_ec2messages_dns_entry":{"sensitive":false,"value":[]},"vpc_endpoint_ec2messages_id":{"sensitive":false,"value":""},"vpc_endpoint_ec2messages_network_interface_ids":{"sensitive":false,"value":[]},"vpc_endpoint_ecr_api_dns_entry":{"sensitive":false,"value":[]},"vpc_endpoint_ecr_api_id":{"sensitive":false,"value":""},"vpc_endpoint_ecr_api_network_interface_ids":{"sensitive":false,"value":[]},"vpc_endpoint_ecr_dkr_dns_entry":{"sensitive":false,"value":[]},"vpc_endpoint_ecr_dkr_id":{"sensitive":false,"value":""},"vpc_endpoint_ecr_dkr_network_interface_ids":{"sensitive":false,"value":[]},"vpc_endpoint_ecs_agent_dns_entry":{"sensitive":false,"value":[]},"vpc_endpoint_ecs_agent_id":{"sensitive":false,"value":""},"vpc_endpoint_ecs_agent_network_interface_ids":{"sensitive":false,"value":[]},"vpc_endpoint_ecs_dns_entry":{"sensitive":false,"value":[]},"vpc_endpoint_ecs_id":{"sensitive":false,"value":""},"vpc_endpoint_ecs_network_interface_ids":{"sensitive":false,"value":[]},"vpc_endpoint_ecs_telemetry_dns_entry":{"sensitive":false,"value":[]},"vpc_endpoint_ecs_telemetry_id":{"sensitive":false,"value":""},"vpc_endpoint_ecs_telemetry_network_interface_ids":{"sensitive":false,"value":[]},"vpc_endpoint_efs_dns_entry":{"sensitive":false,"value":[]},"vpc_endpoint_efs_id":{"sensitive":false,"value":""},"vpc_endpoint_efs_network_interface_ids":{"sensitive":false,"value":[]},"vpc_endpoint_elastic_inference_runtime_dns_entry":{"sensitive":false,"value":[]},"vpc_endpoint_elastic_inference_runtime_id":{"sensitive":false,"value":""},"vpc_endpoint_elastic_inference_runtime_network_interface_ids":{"sensitive":false,"value":[]},"vpc_endpoint_elasticbeanstalk_dns_entry":{"sensitive":false,"value":[]},"vpc_endpoint_elasticbeanstalk_health_dns_entry":{"sensitive":false,"value":[]},"vpc_endpoint_elasticbeanstalk_health_id":{"sensitive":false,"value":""},"vpc_endpoint_elasticbeanstalk_health_network_interface_ids":{"sensitive":false,"value":[]},"vpc_endpoint_elasticbeanstalk_id":{"sensitive":false,"value":""},"vpc_endpoint_elasticbeanstalk_network_interface_ids":{"sensitive":false,"value":[]},"vpc_endpoint_elasticloadbalancing_dns_entry":{"sensitive":false,"value":[]},"vpc_endpoint_elasticloadbalancing_id":{"sensitive":false,"value":""},"vpc_endpoint_elasticloadbalancing_network_interface_ids":{"sensitive":false,"value":[]},"vpc_endpoint_elasticmapreduce_dns_entry":{"sensitive":false,"value":[]},"vpc_endpoint_elasticmapreduce_id":{"sensitive":false,"value":""},"vpc_endpoint_elasticmapreduce_network_interface_ids":{"sensitive":false,"value":[]},"vpc_endpoint_events_dns_entry":{"sensitive":false,"value":[]},"vpc_endpoint_events_id":{"sensitive":false,"value":""},"vpc_endpoint_events_network_interface_ids":{"sensitive":false,"value":[]},"vpc_endpoint_git_codecommit_dns_entry":{"sensitive":false,"value":[]},"vpc_endpoint_git_codecommit_id":{"sensitive":false,"value":""},"vpc_endpoint_git_codecommit_network_interface_ids":{"sensitive":false,"value":[]},"vpc_endpoint_glue_dns_entry":{"sensitive":false,"value":[]},"vpc_endpoint_glue_id":{"sensitive":false,"value":""},"vpc_endpoint_glue_network_interface_ids":{"sensitive":false,"value":[]},"vpc_endpoint_kinesis_firehose_dns_entry":{"sensitive":false,"value":[]},"vpc_endpoint_kinesis_firehose_id":{"sensitive":false,"value":""},"vpc_endpoint_kinesis_firehose_network_interface_ids":{"sensitive":false,"value":[]},"vpc_endpoint_kinesis_streams_dns_entry":{"sensitive":false,"value":[]},"vpc_endpoint_kinesis_streams_id":{"sensitive":false,"value":""},"vpc_endpoint_kinesis_streams_network_interface_ids":{"sensitive":false,"value":[]},"vpc_endpoint_kms_dns_entry":{"sensitive":false,"value":[]},"vpc_endpoint_kms_id":{"sensitive":false,"value":""},"vpc_endpoint_kms_network_interface_ids":{"sensitive":false,"value":[]},"vpc_endpoint_lambda_dns_entry":{"sensitive":false,"value":[]},"vpc_endpoint_lambda_id":{"sensitive":false,"value":""},"vpc_endpoint_lambda_network_interface_ids":{"sensitive":false,"value":[]},"vpc_endpoint_logs_dns_entry":{"sensitive":false,"value":[]},"vpc_endpoint_logs_id":{"sensitive":false,"value":""},"vpc_endpoint_logs_network_interface_ids":{"sensitive":false,"value":[]},"vpc_endpoint_monitoring_dns_entry":{"sensitive":false,"value":[]},"vpc_endpoint_monitoring_id":{"sensitive":false,"value":""},"vpc_endpoint_monitoring_network_interface_ids":{"sensitive":false,"value":[]},"vpc_endpoint_qldb_session_dns_entry":{"sensitive":false,"value":[]},"vpc_endpoint_qldb_session_id":{"sensitive":false,"value":""},"vpc_endpoint_qldb_session_network_interface_ids":{"sensitive":false,"value":[]},"vpc_endpoint_rekognition_dns_entry":{"sensitive":false,"value":[]},"vpc_endpoint_rekognition_id":{"sensitive":false,"value":""},"vpc_endpoint_rekognition_network_interface_ids":{"sensitive":false,"value":[]},"vpc_endpoint_s3_id":{"sensitive":false,"value":""},"vpc_endpoint_s3_pl_id":{"sensitive":false,"value":""},"vpc_endpoint_sagemaker_api_dns_entry":{"sensitive":false,"value":[]},"vpc_endpoint_sagemaker_api_id":{"sensitive":false,"value":""},"vpc_endpoint_sagemaker_api_network_interface_ids":{"sensitive":false,"value":[]},"vpc_endpoint_sagemaker_runtime_dns_entry":{"sensitive":false,"value":[]},"vpc_endpoint_sagemaker_runtime_id":{"sensitive":false,"value":""},"vpc_endpoint_sagemaker_runtime_network_interface_ids":{"sensitive":false,"value":[]},"vpc_endpoint_secretsmanager_dns_entry":{"sensitive":false,"value":[]},"vpc_endpoint_secretsmanager_id":{"sensitive":false,"value":""},"vpc_endpoint_secretsmanager_network_interface_ids":{"sensitive":false,"value":[]},"vpc_endpoint_servicecatalog_dns_entry":{"sensitive":false,"value":[]},"vpc_endpoint_servicecatalog_id":{"sensitive":false,"value":""},"vpc_endpoint_servicecatalog_network_interface_ids":{"sensitive":false,"value":[]},"vpc_endpoint_ses_dns_entry":{"sensitive":false,"value":[]},"vpc_endpoint_ses_id":{"sensitive":false,"value":""},"vpc_endpoint_ses_network_interface_ids":{"sensitive":false,"value":[]},"vpc_endpoint_sms_dns_entry":{"sensitive":false,"value":[]},"vpc_endpoint_sms_id":{"sensitive":false,"value":""},"vpc_endpoint_sms_network_interface_ids":{"sensitive":false,"value":[]},"vpc_endpoint_sns_dns_entry":{"sensitive":false,"value":[]},"vpc_endpoint_sns_id":{"sensitive":false,"value":""},"vpc_endpoint_sns_network_interface_ids":{"sensitive":false,"value":[]},"vpc_endpoint_sqs_dns_entry":{"sensitive":false,"value":[]},"vpc_endpoint_sqs_id":{"sensitive":false,"value":""},"vpc_endpoint_sqs_network_interface_ids":{"sensitive":false,"value":[]},"vpc_endpoint_ssm_dns_entry":{"sensitive":false,"value":[]},"vpc_endpoint_ssm_id":{"sensitive":false,"value":""},"vpc_endpoint_ssm_network_interface_ids":{"sensitive":false,"value":[]},"vpc_endpoint_ssmmessages_dns_entry":{"sensitive":false,"value":[]},"vpc_endpoint_ssmmessages_id":{"sensitive":false,"value":""},"vpc_endpoint_ssmmessages_network_interface_ids":{"sensitive":false,"value":[]},"vpc_endpoint_states_dns_entry":{"sensitive":false,"value":[]},"vpc_endpoint_states_id":{"sensitive":false,"value":""},"vpc_endpoint_states_network_interface_ids":{"sensitive":false,"value":[]},"vpc_endpoint_storagegateway_dns_entry":{"sensitive":false,"value":[]},"vpc_endpoint_storagegateway_id":{"sensitive":false,"value":""},"vpc_endpoint_storagegateway_network_interface_ids":{"sensitive":false,"value":[]},"vpc_endpoint_sts_dns_entry":{"sensitive":false,"value":[]},"vpc_endpoint_sts_id":{"sensitive":false,"value":""},"vpc_endpoint_sts_network_interface_ids":{"sensitive":false,"value":[]},"vpc_endpoint_textract_dns_entry":{"sensitive":false,"value":[]},"vpc_endpoint_textract_id":{"sensitive":false,"value":""},"vpc_endpoint_textract_network_interface_ids":{"sensitive":false,"value":[]},"vpc_endpoint_transfer_dns_entry":{"sensitive":false,"value":[]},"vpc_endpoint_transfer_id":{"sensitive":false,"value":""},"vpc_endpoint_transfer_network_interface_ids":{"sensitive":false,"value":[]},"vpc_endpoint_transferserver_dns_entry":{"sensitive":false,"value":[]},"vpc_endpoint_transferserver_id":{"sensitive":false,"value":""},"vpc_endpoint_transferserver_network_interface_ids":{"sensitive":false,"value":[]},"vpc_endpoint_workspaces_dns_entry":{"sensitive":false,"value":[]},"vpc_endpoint_workspaces_id":{"sensitive":false,"value":""},"vpc_endpoint_workspaces_network_interface_ids":{"sensitive":false,"value":[]},"vpc_flow_log_cloudwatch_iam_role_arn":{"sensitive":false,"value":""},"vpc_flow_log_destination_arn":{"sensitive":false,"value":""},"vpc_flow_log_destination_type":{"sensitive":false,"value":"cloud-watch-logs"},"vpc_flow_log_id":{"sensitive":false,"value":""},"vpc_id":{"sensitive":false,"value":"module.atlantis.module.vpc.aws_vpc.this[0].id"},"vpc_instance_tenancy":{"sensitive":false,"value":"default"},"vpc_ipv6_association_id":{"sensitive":false,"value":"module.atlantis.module.vpc.aws_vpc.this[0].ipv6_association_id"},"vpc_ipv6_cidr_block":{"sensitive":false},"vpc_main_route_table_id":{"sensitive":false,"value":"module.atlantis.module.vpc.aws_vpc.this[0].main_route_table_id"},"vpc_owner_id":{"sensitive":false,"value":"module.atlantis.module.vpc.aws_vpc.this[0].owner_id"},"vpc_secondary_cidr_blocks":{"sensitive":false,"value":[]},"webhook_secret":{"sensitive":false,"value":"module.atlantis.random_id.webhook[0].hex"}},"root_module":{"child_modules":[{"resources":[{"address":"module.atlantis.aws_cloudwatch_log_group.atlantis","mode":"managed","type":"aws_cloudwatch_log_group","name":"atlantis","provider_name":"aws","schema_version":0,"values":{"kms_key_id":null,"name":"atlantis","name_prefix":null,"retention_in_days":7,"tags":{"Name":"atlantis"}}},{"address":"module.atlantis.aws_ecs_service.atlantis","mode":"managed","type":"aws_ecs_service","name":"atlantis","provider_name":"aws","schema_version":0,"values":{"capacity_provider_strategy":[],"cluster":"module.atlantis.module.ecs.aws_ecs_cluster.this[0].id","deployment_controller":[],"deployment_maximum_percent":200,"deployment_minimum_healthy_percent":50,"desired_count":1,"enable_ecs_managed_tags":false,"force_new_deployment":null,"health_check_grace_period_seconds":null,"launch_type":"FARGATE","load_balancer":[{"container_name":"atlantis","container_port":4141,"elb_name":"","target_group_arn":"module.atlantis.module.alb.aws_lb_target_group.main[0].arn"}],"name":"atlantis","network_configuration":[{"assign_public_ip":false,"security_groups":["module.atlantis.module.atlantis_sg.aws_security_group.this_name_prefix[0].id"],"subnets":["module.atlantis.module.vpc.aws_subnet.private[0].id","module.atlantis.module.vpc.aws_subnet.private[1].id","module.atlantis.module.vpc.aws_subnet.private[2].id"]}],"ordered_placement_strategy":[],"placement_constraints":[],"platform_version":"LATEST","propagate_tags":null,"scheduling_strategy":"REPLICA","service_registries":[],"tags":{"Name":"atlantis"},"timeouts":null,"wait_for_steady_state":false}},{"address":"module.atlantis.aws_ecs_task_definition.atlantis","mode":"managed","type":"aws_ecs_task_definition","name":"atlantis","provider_name":"aws","schema_version":1,"values":{"container_definitions":"[{\"cpu\":256,\"environment\":[{\"name\":\"ATLANTIS_ALLOW_REPO_CONFIG\",\"value\":\"false\"},{\"name\":\"ATLANTIS_ATLANTIS_URL\",\"value\":\"https://module.atlantis.module.alb.aws_lb.this[0].dns_name\"},{\"name\":\"ATLANTIS_BITBUCKET_BASE_URL\",\"value\":\"\"},{\"name\":\"ATLANTIS_BITBUCKET_USER\",\"value\":\"\"},{\"name\":\"ATLANTIS_GH_USER\",\"value\":\"atlantis-bot\"},{\"name\":\"ATLANTIS_GITLAB_HOSTNAME\",\"value\":\"gitlab.com\"},{\"name\":\"ATLANTIS_GITLAB_USER\",\"value\":\"\"},{\"name\":\"ATLANTIS_HIDE_PREV_PLAN_COMMENTS\",\"value\":\"false\"},{\"name\":\"ATLANTIS_LOG_LEVEL\",\"value\":\"debug\"},{\"name\":\"ATLANTIS_PORT\",\"value\":\"4141\"},{\"name\":\"ATLANTIS_REPO_WHITELIST\",\"value\":\"github.com/terraform-aws-modules/*\"}],\"essential\":true,\"image\":\"runatlantis/atlantis:latest\",\"logConfiguration\":{\"logDriver\":\"awslogs\",\"options\":{\"awslogs-group\":\"atlantis\",\"awslogs-region\":\"us-east-1\",\"awslogs-stream-prefix\":\"ecs\"},\"secretOptions\":[]},\"memory\":512,\"memoryReservation\":128,\"mountPoints\":[],\"name\":\"atlantis\",\"portMappings\":[{\"containerPort\":4141,\"hostPort\":4141,\"protocol\":\"tcp\"}],\"readonlyRootFilesystem\":false,\"secrets\":[{\"name\":\"ATLANTIS_GH_TOKEN\",\"valueFrom\":\"/atlantis/github/user/token\"},{\"name\":\"ATLANTIS_GH_WEBHOOK_SECRET\",\"valueFrom\":\"/atlantis/webhook/secret\"}],\"startTimeout\":30,\"stopTimeout\":30,\"volumesFrom\":[]}]","cpu":"256","execution_role_arn":"module.atlantis.aws_iam_role.ecs_task_execution.arn","family":"atlantis","inference_accelerator":[],"ipc_mode":null,"memory":"512","network_mode":"awsvpc","pid_mode":null,"placement_constraints":[],"proxy_configuration":[],"requires_compatibilities":["FARGATE"],"tags":{"Name":"atlantis"},"task_role_arn":"module.atlantis.aws_iam_role.ecs_task_execution.arn","volume":[]}},{"address":"module.atlantis.aws_iam_role.ecs_task_execution","mode":"managed","type":"aws_iam_role","name":"ecs_task_execution","provider_name":"aws","schema_version":0,"values":{"assume_role_policy":"{\n  \"Version\": \"2012-10-17\",\n  \"Statement\": [\n    {\n      \"Sid\": \"\",\n      \"Effect\": \"Allow\",\n      \"Action\": \"sts:AssumeRole\",\n      \"Principal\": {\n        \"Service\": \"ecs-tasks.amazonaws.com\"\n      }\n    }\n  ]\n}","description":null,"force_detach_policies":false,"max_session_duration":3600,"name":"atlantis-ecs_task_execution","name_prefix":null,"path":"/","permissions_boundary":null,"tags":{"Name":"atlantis"}}},{"address":"module.atlantis.aws_iam_role_policy.ecs_task_access_secrets[0]","mode":"managed","type":"aws_iam_role_policy","name":"ecs_task_access_secrets","index":0,"provider_name":"aws","schema_version":0,"values":{"name":"ECSTaskAccessSecretsPolicy","name_prefix":null,"policy":"module.atlantis.data.aws_iam_policy_document.ecs_task_access_secrets.json","role":"module.atlantis.aws_iam_role.ecs_task_execution.id"}},{"address":"module.atlantis.aws_iam_role_policy_attachment.ecs_task_execution[0]","mode":"managed","type":"aws_iam_role_policy_attachment","name":"ecs_task_execution","index":0,"provider_name":"aws","schema_version":0,"values":{"policy_arn":"arn:aws:iam::aws:policy/service-role/AmazonECSTaskExecutionRolePolicy","role":"module.atlantis.aws_iam_role.ecs_task_execution.id"}},{"address":"module.atlantis.aws_ssm_parameter.atlantis_github_user_token[0]","mode":"managed","type":"aws_ssm_parameter","name":"atlantis_github_user_token","index":0,"provider_name":"aws","schema_version":0,"values":{"allowed_pattern":null,"description":null,"name":"/atlantis/github/user/token","overwrite":null,"tags":{"Name":"atlantis"},"tier":"Standard","type":"SecureString","value":"examplegithubtoken"}},{"address":"module.atlantis.aws_ssm_parameter.webhook[0]","mode":"managed","type":"aws_ssm_parameter","name":"webhook","index":0,"provider_name":"aws","schema_version":0,"values":{"allowed_pattern":null,"description":null,"name":"/atlantis/webhook/secret","overwrite":null,"tags":{"Name":"atlantis"},"tier":"Standard","type":"SecureString","value":"module.atlantis.random_id.webhook[0].hex"}},{"address":"module.atlantis.data.aws_ecs_task_definition.atlantis","mode":"data","type":"aws_ecs_task_definition","name":"atlantis","provider_name":"aws","schema_version":0,"values":{"task_definition":"atlantis"}},{"address":"module.atlantis.data.aws_iam_policy_document.ecs_task_access_secrets","mode":"data","type":"aws_iam_policy_document","name":"ecs_task_access_secrets","provider_name":"aws","schema_version":0,"values":{"override_json":null,"policy_id":null,"source_json":null,"statement":[{"actions":["secretsmanager:GetSecretValue","ssm:GetParameters"],"condition":[],"effect":"Allow","not_actions":null,"not_principals":[],"not_resources":null,"principals":[],"resources":["module.atlantis.aws_ssm_parameter.atlantis_github_user_token[0].arn","module.atlantis.aws_ssm_parameter.webhook[0].arn"],"sid":null}],"version":null}},{"address":"module.atlantis.random_id.webhook[0]","mode":"managed","type":"random_id","name":"webhook","index":0,"provider_name":"random","schema_version":0,"values":{"byte_length":64,"keepers":null,"prefix":null}}],"address":"module.atlantis","child_modules":[{"resources":[{"address":"module.atlantis.module.vpc.aws_eip.nat[0]","mode":"managed","type":"aws_eip","name":"nat","index":0,"provider_name":"aws","schema_version":0,"values":{"associate_with_private_ip":null,"customer_owned_ipv4_pool":null,"tags":{"Name":"atlantis"},"timeouts":null,"vpc":true}},{"address":"module.atlantis.module.vpc.aws_internet_gateway.this[0]","mode":"managed","type":"aws_internet_gateway","name":"this","index":0,"provider_name":"aws","schema_version":0,"values":{"tags":{"Name":"atlantis"},"vpc_id":"module.atlantis.module.vpc.aws_vpc.this[0].id"}},{"address":"module.atlantis.module.vpc.aws_nat_gateway.this[0]","mode":"managed","type":"aws_nat_gateway","name":"this","index":0,"provider_name":"aws","schema_version":0,"values":{"allocation_id":"module.atlantis.module.vpc.aws_eip.nat[0].id","subnet_id":"module.atlantis.module.vpc.aws_subnet.public[0].id","tags":{"Name":"atlantis"}}},{"address":"module.atlantis.module.vpc.aws_route.private_nat_gateway[0]","mode":"managed","type":"aws_route","name":"private_nat_gateway","index":0,"provider_name":"aws","schema_version":0,"values":{"destination_cidr_block":"0.0.0.0/0","destination_ipv6_cidr_block":null,"nat_gateway_id":"module.atlantis.module.vpc.aws_nat_gateway.this[0].id","route_table_id":"module.atlantis.module.vpc.aws_route_table.private[0].id","timeouts":{"create":"5m","delete":null},"transit_gateway_id":null,"vpc_endpoint_id":null,"vpc_peering_connection_id":null}},{"address":"module.atlantis.module.vpc.aws_route.public_internet_gateway[0]","mode":"managed","type":"aws_route","name":"public_internet_gateway","index":0,"provider_name":"aws","schema_version":0,"values":{"destination_cidr_block":"0.0.0.0/0","destination_ipv6_cidr_block":null,"gateway_id":"module.atlantis.module.vpc.aws_internet_gateway.this[0].id","route_table_id":"module.atlantis.module.vpc.aws_route_table.public[0].id","timeouts":{"create":"5m","delete":null},"transit_gateway_id":null,"vpc_endpoint_id":null,"vpc_peering_connection_id":null}},{"address":"module.atlantis.module.vpc.aws_route_table.private[0]","mode":"managed","type":"aws_route_table","name":"private","index":0,"provider_name":"aws","schema_version":0,"values":{"tags":{"Name":"atlantis"},"vpc_id":"module.atlantis.module.vpc.aws_vpc.this[0].id"}},{"address":"module.atlantis.module.vpc.aws_route_table.public[0]","mode":"managed","type":"aws_route_table","name":"public","index":0,"provider_name":"aws","schema_version":0,"values":{"tags":{"Name":"atlantis"},"vpc_id":"module.atlantis.module.vpc.aws_vpc.this[0].id"}},{"address":"module.atlantis.module.vpc.aws_route_table_association.private[0]","mode":"managed","type":"aws_route_table_association","name":"private","index":0,"provider_name":"aws","schema_version":0,"values":{"gateway_id":null,"route_table_id":"module.atlantis.module.vpc.aws_route_table.private[0].id","subnet_id":"module.atlantis.module.vpc.aws_subnet.private[0].id"}},{"address":"module.atlantis.module.vpc.aws_route_table_association.private[1]","mode":"managed","type":"aws_route_table_association","name":"private","index":1,"provider_name":"aws","schema_version":0,"values":{"gateway_id":null,"route_table_id":"module.atlantis.module.vpc.aws_route_table.private[0].id","subnet_id":"module.atlantis.module.vpc.aws_subnet.private[1].id"}},{"address":"module.atlantis.module.vpc.aws_route_table_association.private[2]","mode":"managed","type":"aws_route_table_association","name":"private","index":2,"provider_name":"aws","schema_version":0,"values":{"gateway_id":null,"route_table_id":"module.atlantis.module.vpc.aws_route_table.private[0].id","subnet_id":"module.atlantis.module.vpc.aws_subnet.private[2].id"}},{"address":"module.atlantis.module.vpc.aws_route_table_association.public[0]","mode":"managed","type":"aws_route_table_association","name":"public","index":0,"provider_name":"aws","schema_version":0,"values":{"gateway_id":null,"route_table_id":"module.atlantis.module.vpc.aws_route_table.public[0].id","subnet_id":"module.atlantis.module.vpc.aws_subnet.public[0].id"}},{"address":"module.atlantis.module.vpc.aws_route_table_association.public[1]","mode":"managed","type":"aws_route_table_association","name":"public","index":1,"provider_name":"aws","schema_version":0,"values":{"gateway_id":null,"route_table_id":"module.atlantis.module.vpc.aws_route_table.public[0].id","subnet_id":"module.atlantis.module.vpc.aws_subnet.public[1].id"}},{"address":"module.atlantis.module.vpc.aws_route_table_association.public[2]","mode":"managed","type":"aws_route_table_association","name":"public","index":2,"provider_name":"aws","schema_version":0,"values":{"gateway_id":null,"route_table_id":"module.atlantis.module.vpc.aws_route_table.public[0].id","subnet_id":"module.atlantis.module.vpc.aws_subnet.public[2].id"}},{"address":"module.atlantis.module.vpc.aws_subnet.private[0]","mode":"managed","type":"aws_subnet","name":"private","index":0,"provider_name":"aws","schema_version":1,"values":{"assign_ipv6_address_on_creation":false,"availability_zone":"eu-west-1a","cidr_block":"10.20.1.0/24","ipv6_cidr_block":null,"map_public_ip_on_launch":false,"outpost_arn":null,"tags":{"Name":"atlantis"},"timeouts":null,"vpc_id":"module.atlantis.module.vpc.aws_vpc.this[0].id"}},{"address":"module.atlantis.module.vpc.aws_subnet.private[1]","mode":"managed","type":"aws_subnet","name":"private","index":1,"provider_name":"aws","schema_version":1,"values":{"assign_ipv6_address_on_creation":false,"availability_zone":"eu-west-1b","cidr_block":"10.20.2.0/24","ipv6_cidr_block":null,"map_public_ip_on_launch":false,"outpost_arn":null,"tags":{"Name":"atlantis"},"timeouts":null,"vpc_id":"module.atlantis.module.vpc.aws_vpc.this[0].id"}},{"address":"module.atlantis.module.vpc.aws_subnet.private[2]","mode":"managed","type":"aws_subnet","name":"private","index":2,"provider_name":"aws","schema_version":1,"values":{"assign_ipv6_address_on_creation":false,"availability_zone":"eu-west-1c","cidr_block":"10.20.3.0/24","ipv6_cidr_block":null,"map_public_ip_on_launch":false,"outpost_arn":null,"tags":{"Name":"atlantis"},"timeouts":null,"vpc_id":"module.atlantis.module.vpc.aws_vpc.this[0].id"}},{"address":"module.atlantis.module.vpc.aws_subnet.public[0]","mode":"managed","type":"aws_subnet","name":"public","index":0,"provider_name":"aws","schema_version":1,"values":{"assign_ipv6_address_on_creation":false,"availability_zone":"eu-west-1a","cidr_block":"10.20.101.0/24","ipv6_cidr_block":null,"map_public_ip_on_launch":true,"outpost_arn":null,"tags":{"Name":"atlantis"},"timeouts":null,"vpc_id":"module.atlantis.module.vpc.aws_vpc.this[0].id"}},{"address":"module.atlantis.module.vpc.aws_subnet.public[1]","mode":"managed","type":"aws_subnet","name":"public","index":1,"provider_name":"aws","schema_version":1,"values":{"assign_ipv6_address_on_creation":false,"availability_zone":"eu-west-1b","cidr_block":"10.20.102.0/24","ipv6_cidr_block":null,"map_public_ip_on_launch":true,"outpost_arn":null,"tags":{"Name":"atlantis"},"timeouts":null,"vpc_id":"module.atlantis.module.vpc.aws_vpc.this[0].id"}},{"address":"module.atlantis.module.vpc.aws_subnet.public[2]","mode":"managed","type":"aws_subnet","name":"public","index":2,"provider_name":"aws","schema_version":1,"values":{"assign_ipv6_address_on_creation":false,"availability_zone":"eu-west-1c","cidr_block":"10.20.103.0/24","ipv6_cidr_block":null,"map_public_ip_on_launch":true,"outpost_arn":null,"tags":{"Name":"atlantis"},"timeouts":null,"vpc_id":"module.atlantis.module.vpc.aws_vpc.this[0].id"}},{"address":"module.atlantis.module.vpc.aws_vpc.this[0]","mode":"managed","type":"aws_vpc","name":"this","index":0,"provider_name":"aws","schema_version":1,"values":{"assign_generated_ipv6_cidr_block":false,"cidr_block":"10.20.0.0/16","enable_dns_hostnames":false,"enable_dns_support":true,"instance_tenancy":"default","tags":{"Name":"atlantis"}}}],"address":"module.atlantis.module.vpc"},{"resources":[{"address":"module.atlantis.module.ecs.aws_ecs_cluster.this[0]","mode":"managed","type":"aws_ecs_cluster","name":"this","index":0,"provider_name":"aws","schema_version":0,"values":{"capacity_providers":["FARGATE","FARGATE_SPOT"],"default_capacity_provider_strategy":[{"base":null,"capacity_provider":"FARGATE","weight":null}],"name":"atlantis","setting":[{"name":"containerInsights","value":"disabled"}],"tags":{"Name":"atlantis"}}}],"address":"module.atlantis.module.ecs"},{"address":"module.atlantis.module.alb_https_sg","child_modules":[{"resources":[{"address":"module.atlantis.module.alb_https_sg.module.sg.aws_security_group.this_name_prefix[0]","mode":"managed","type":"aws_security_group","name":"this_name_prefix","index":0,"provider_name":"aws","schema_version":1,"values":{"description":"Security group with HTTPS ports open for specific IPv4 CIDR block (or everybody), egress ports are all world open","name_prefix":"atlantis-alb-https-","revoke_rules_on_delete":false,"tags":{"Name":"atlantis"},"timeouts":null,"vpc_id":"module.atlantis.module.vpc.aws_vpc.this[0].id"}},{"address":"module.atlantis.module.alb_https_sg.module.sg.aws_security_group_rule.egress_rules[0]","mode":"managed","type":"aws_security_group_rule","name":"egress_rules","index":0,"provider_name":"aws","schema_version":2,"values":{"cidr_blocks":["0.0.0.0/0"],"description":"All protocols","from_port":-1,"ipv6_cidr_blocks":["::/0"],"prefix_list_ids":[],"protocol":"-1","security_group_id":"module.atlantis.module.alb_https_sg.module.sg.aws_security_group.this_name_prefix[0].id","self":false,"to_port":-1,"type":"egress"}},{"address":"module.atlantis.module.alb_https_sg.module.sg.aws_security_group_rule.ingress_rules[0]","mode":"managed","type":"aws_security_group_rule","name":"ingress_rules","index":0,"provider_name":"aws","schema_version":2,"values":{"cidr_blocks":["0.0.0.0/0"],"description":"HTTPS","from_port":443,"ipv6_cidr_blocks":[],"prefix_list_ids":[],"protocol":"tcp","security_group_id":"module.atlantis.module.alb_https_sg.module.sg.aws_security_group.this_name_prefix[0].id","self":false,"to_port":443,"type":"ingress"}},{"address":"module.atlantis.module.alb_https_sg.module.sg.aws_security_group_rule.ingress_with_self[0]","mode":"managed","type":"aws_security_group_rule","name":"ingress_with_self","index":0,"provider_name":"aws","schema_version":2,"values":{"cidr_blocks":null,"description":"Ingress Rule","from_port":-1,"ipv6_cidr_blocks":null,"prefix_list_ids":[],"protocol":"-1","security_group_id":"module.atlantis.module.alb_https_sg.module.sg.aws_security_group.this_name_prefix[0].id","self":true,"to_port":-1,"type":"ingress"}}],"address":"module.atlantis.module.alb_https_sg.module.sg"}]},{"resources":[{"address":"module.atlantis.module.atlantis_sg.aws_security_group.this_name_prefix[0]","mode":"managed","type":"aws_security_group","name":"this_name_prefix","index":0,"provider_name":"aws","schema_version":1,"values":{"description":"Security group with open port for Atlantis (4141) from ALB, egress ports are all world open","name_prefix":"atlantis-","revoke_rules_on_delete":false,"tags":{"Name":"atlantis"},"timeouts":null,"vpc_id":"module.atlantis.module.vpc.aws_vpc.this[0].id"}},{"address":"module.atlantis.module.atlantis_sg.aws_security_group_rule.egress_rules[0]","mode":"managed","type":"aws_security_group_rule","name":"egress_rules","index":0,"provider_name":"aws","schema_version":2,"values":{"cidr_blocks":["0.0.0.0/0"],"description":"All protocols","from_port":-1,"ipv6_cidr_blocks":["::/0"],"prefix_list_ids":[],"protocol":"-1","security_group_id":"module.atlantis.module.atlantis_sg.aws_security_group.this_name_prefix[0].id","self":false,"to_port":-1,"type":"egress"}},{"address":"module.atlantis.module.atlantis_sg.aws_security_group_rule.ingress_with_source_security_group_id[0]","mode":"managed","type":"aws_security_group_rule","name":"ingress_with_source_security_group_id","index":0,"provider_name":"aws","schema_version":2,"values":{"cidr_blocks":null,"description":"Atlantis","from_port":4141,"ipv6_cidr_blocks":null,"prefix_list_ids":[],"protocol":"tcp","security_group_id":"module.atlantis.module.atlantis_sg.aws_security_group.this_name_prefix[0].id","self":false,"source_security_group_id":"module.atlantis.module.alb_https_sg.module.sg.aws_security_group.this_name_prefix[0].id","to_port":4141,"type":"ingress"}}],"address":"module.atlantis.module.atlantis_sg"},{"address":"module.atlantis.module.alb_http_sg","child_modules":[{"resources":[{"address":"module.atlantis.module.alb_http_sg.module.sg.aws_security_group.this_name_prefix[0]","mode":"managed","type":"aws_security_group","name":"this_name_prefix","index":0,"provider_name":"aws","schema_version":1,"values":{"description":"Security group with HTTP ports open for specific IPv4 CIDR block (or everybody), egress ports are all world open","name_prefix":"atlantis-alb-http-","revoke_rules_on_delete":false,"tags":{"Name":"atlantis"},"timeouts":null,"vpc_id":"module.atlantis.module.vpc.aws_vpc.this[0].id"}},{"address":"module.atlantis.module.alb_http_sg.module.sg.aws_security_group_rule.egress_rules[0]","mode":"managed","type":"aws_security_group_rule","name":"egress_rules","index":0,"provider_name":"aws","schema_version":2,"values":{"cidr_blocks":["0.0.0.0/0"],"description":"All protocols","from_port":-1,"ipv6_cidr_blocks":["::/0"],"prefix_list_ids":[],"protocol":"-1","security_group_id":"module.atlantis.module.alb_http_sg.module.sg.aws_security_group.this_name_prefix[0].id","self":false,"to_port":-1,"type":"egress"}},{"address":"module.atlantis.module.alb_http_sg.module.sg.aws_security_group_rule.ingress_rules[0]","mode":"managed","type":"aws_security_group_rule","name":"ingress_rules","index":0,"provider_name":"aws","schema_version":2,"values":{"cidr_blocks":["0.0.0.0/0"],"description":"HTTP","from_port":80,"ipv6_cidr_blocks":[],"prefix_list_ids":[],"protocol":"tcp","security_group_id":"module.atlantis.module.alb_http_sg.module.sg.aws_security_group.this_name_prefix[0].id","self":false,"to_port":80,"type":"ingress"}},{"address":"module.atlantis.module.alb_http_sg.module.sg.aws_security_group_rule.ingress_with_self[0]","mode":"managed","type":"aws_security_group_rule","name":"ingress_with_self","index":0,"provider_name":"aws","schema_version":2,"values":{"cidr_blocks":null,"description":"Ingress Rule","from_port":-1,"ipv6_cidr_blocks":null,"prefix_list_ids":[],"protocol":"-1","security_group_id":"module.atlantis.module.alb_http_sg.module.sg.aws_security_group.this_name_prefix[0].id","self":true,"to_port":-1,"type":"ingress"}}],"address":"module.atlantis.module.alb_http_sg.module.sg"}]},{"resources":[{"address":"module.atlantis.module.alb.aws_lb.this[0]","mode":"managed","type":"aws_lb","name":"this","index":0,"provider_name":"aws","schema_version":0,"values":{"access_logs":[{"bucket":"","enabled":false,"prefix":""}],"customer_owned_ipv4_pool":null,"drop_invalid_header_fields":false,"enable_cross_zone_load_balancing":null,"enable_deletion_protection":false,"enable_http2":true,"idle_timeout":60,"internal":false,"ip_address_type":"ipv4","load_balancer_type":"application","name":"atlantis","name_prefix":null,"security_groups":["module.atlantis.module.alb_http_sg.module.sg.aws_security_group.this_name_prefix[0].id","module.atlantis.module.alb_https_sg.module.sg.aws_security_group.this_name_prefix[0].id"],"subnets":["module.atlantis.module.vpc.aws_subnet.public[0].id","module.atlantis.module.vpc.aws_subnet.public[1].id","module.atlantis.module.vpc.aws_subnet.public[2].id"],"tags":{"Name":"atlantis"},"timeouts":{"create":"10m","delete":"10m","update":"10m"}}},{"address":"module.atlantis.module.alb.aws_lb_listener.frontend_http_tcp[0]","mode":"managed","type":"aws_lb_listener","name":"frontend_http_tcp","index":0,"provider_name":"aws","schema_version":0,"values":{"certificate_arn":null,"default_action":[{"authenticate_cognito":[],"authenticate_oidc":[],"fixed_response":[],"forward":[],"redirect":[{"host":"#{host}","path":"/#{path}","port":"443","protocol":"HTTPS","query":"#{query}","status_code":"HTTP_301"}],"target_group_arn":null,"type":"redirect"}],"load_balancer_arn":"module.atlantis.module.alb.aws_lb.this[0].arn","port":80,"protocol":"HTTP","timeouts":null}},{"address":"module.atlantis.module.alb.aws_lb_listener.frontend_https[0]","mode":"managed","type":"aws_lb_listener","name":"frontend_https","index":0,"provider_name":"aws","schema_version":0,"values":{"certificate_arn":"arn:aws:acm:eu-west-1:135367859851:certificate/70e008e1-c0e1-4c7e-9670-7bb5bd4f5a84","default_action":[{"authenticate_cognito":[],"authenticate_oidc":[],"fixed_response":[],"forward":[],"redirect":[],"target_group_arn":"module.atlantis.module.alb.aws_lb_target_group.main[0].id","type":"forward"}],"load_balancer_arn":"module.atlantis.module.alb.aws_lb.this[0].arn","port":443,"protocol":"HTTPS","ssl_policy":"ELBSecurityPolicy-2016-08","timeouts":null}},{"address":"module.atlantis.module.alb.aws_lb_target_group.main[0]","mode":"managed","type":"aws_lb_target_group","name":"main","index":0,"provider_name":"aws","schema_version":0,"values":{"deregistration_delay":10,"lambda_multi_value_headers_enabled":false,"name":"atlantis","name_prefix":null,"port":4141,"protocol":"HTTP","proxy_protocol_v2":false,"slow_start":0,"tags":{"Name":"atlantis"},"target_type":"ip","vpc_id":"module.atlantis.module.vpc.aws_vpc.this[0].id"}}],"address":"module.atlantis.module.alb"}]}]}},"resource_changes":[{"address":"module.atlantis.aws_cloudwatch_log_group.atlantis","module_address":"module.atlantis","mode":"managed","type":"aws_cloudwatch_log_group","name":"atlantis","provider_name":"aws","change":{"actions":["create"],"before":null,"after":{"kms_key_id":null,"name":"atlantis","name_prefix":null,"retention_in_days":7,"tags":{"Name":"atlantis"}},"after_unknown":{"arn":true,"id":true,"tags":{}}}},{"address":"module.atlantis.aws_ecs_service.atlantis","module_address":"module.atlantis","mode":"managed","type":"aws_ecs_service","name":"atlantis","provider_name":"aws","change":{"actions":["create"],"before":null,"after":{"capacity_provider_strategy":[],"cluster":"module.atlantis.module.ecs.aws_ecs_cluster.this[0].id","deployment_controller":[],"deployment_maximum_percent":200,"deployment_minimum_healthy_percent":50,"desired_count":1,"enable_ecs_managed_tags":false,"force_new_deployment":null,"health_check_grace_period_seconds":null,"launch_type":"FARGATE","load_balancer":[{"container_name":"atlantis","container_port":4141,"elb_name":"","target_group_arn":"module.atlantis.module.alb.aws_lb_target_group.main[0].arn"}],"name":"atlantis","network_configuration":[{"assign_public_ip":false,"security_groups":["module.atlantis.module.atlantis_sg.aws_security_group.this_name_prefix[0].id"],"subnets":["module.atlantis.module.vpc.aws_subnet.private[0].id","module.atlantis.module.vpc.aws_subnet.private[1].id","module.atlantis.module.vpc.aws_subnet.private[2].id"]}],"ordered_placement_strategy":[],"placement_constraints":[],"platform_version":"LATEST","propagate_tags":null,"scheduling_strategy":"REPLICA","service_registries":[],"tags":{"Name":"atlantis"},"timeouts":null,"wait_for_steady_state":false},"after_unknown":{"capacity_provider_strategy":[],"deployment_controller":[],"iam_role":true,"id":true,"load_balancer":[{}],"network_configuration":[{"security_groups":[false],"subnets":[false,false,false]}],"ordered_placement_strategy":[],"placement_constraints":[],"service_registries":[],"tags":{},"task_definition":true}}},{"address":"module.atlantis.aws_ecs_task_definition.atlantis","module_address":"module.atlantis","mode":"managed","type":"aws_ecs_task_definition","name":"atlantis","provider_name":"aws","change":{"actions":["create"],"before":null,"after":{"container_definitions":"[{\"cpu\":256,\"environment\":[{\"name\":\"ATLANTIS_ALLOW_REPO_CONFIG\",\"value\":\"false\"},{\"name\":\"ATLANTIS_ATLANTIS_URL\",\"value\":\"https://module.atlantis.module.alb.aws_lb.this[0].dns_name\"},{\"name\":\"ATLANTIS_BITBUCKET_BASE_URL\",\"value\":\"\"},{\"name\":\"ATLANTIS_BITBUCKET_USER\",\"value\":\"\"},{\"name\":\"ATLANTIS_GH_USER\",\"value\":\"atlantis-bot\"},{\"name\":\"ATLANTIS_GITLAB_HOSTNAME\",\"value\":\"gitlab.com\"},{\"name\":\"ATLANTIS_GITLAB_USER\",\"value\":\"\"},{\"name\":\"ATLANTIS_HIDE_PREV_PLAN_COMMENTS\",\"value\":\"false\"},{\"name\":\"ATLANTIS_LOG_LEVEL\",\"value\":\"debug\"},{\"name\":\"ATLANTIS_PORT\",\"value\":\"4141\"},{\"name\":\"ATLANTIS_REPO_WHITELIST\",\"value\":\"github.com/terraform-aws-modules/*\"}],\"essential\":true,\"image\":\"runatlantis/atlantis:latest\",\"logConfiguration\":{\"logDriver\":\"awslogs\",\"options\":{\"awslogs-group\":\"atlantis\",\"awslogs-region\":\"us-east-1\",\"awslogs-stream-prefix\":\"ecs\"},\"secretOptions\":[]},\"memory\":512,\"memoryReservation\":128,\"mountPoints\":[],\"name\":\"atlantis\",\"portMappings\":[{\"containerPort\":4141,\"hostPort\":4141,\"protocol\":\"tcp\"}],\"readonlyRootFilesystem\":false,\"secrets\":[{\"name\":\"ATLANTIS_GH_TOKEN\",\"valueFrom\":\"/atlantis/github/user/token\"},{\"name\":\"ATLANTIS_GH_WEBHOOK_SECRET\",\"valueFrom\":\"/atlantis/webhook/secret\"}],\"startTimeout\":30,\"stopTimeout\":30,\"volumesFrom\":[]}]","cpu":"256","execution_role_arn":"module.atlantis.aws_iam_role.ecs_task_execution.arn","family":"atlantis","inference_accelerator":[],"ipc_mode":null,"memory":"512","network_mode":"awsvpc","pid_mode":null,"placement_constraints":[],"proxy_configuration":[],"requires_compatibilities":["FARGATE"],"tags":{"Name":"atlantis"},"task_role_arn":"module.atlantis.aws_iam_role.ecs_task_execution.arn","volume":[]},"after_unknown":{"arn":true,"id":true,"inference_accelerator":[],"placement_constraints":[],"proxy_configuration":[],"requires_compatibilities":[false],"revision":true,"tags":{},"volume":[]}}},{"address":"module.atlantis.aws_iam_role.ecs_task_execution","module_address":"module.atlantis","mode":"managed","type":"aws_iam_role","name":"ecs_task_execution","provider_name":"aws","change":{"actions":["create"],"before":null,"after":{"assume_role_policy":"{\n  \"Version\": \"2012-10-17\",\n  \"Statement\": [\n    {\n      \"Sid\": \"\",\n      \"Effect\": \"Allow\",\n      \"Action\": \"sts:AssumeRole\",\n      \"Principal\": {\n        \"Service\": \"ecs-tasks.amazonaws.com\"\n      }\n    }\n  ]\n}","description":null,"force_detach_policies":false,"max_session_duration":3600,"name":"atlantis-ecs_task_execution","name_prefix":null,"path":"/","permissions_boundary":null,"tags":{"Name":"atlantis"}},"after_unknown":{"arn":true,"create_date":true,"id":true,"tags":{},"unique_id":true}}},{"address":"module.atlantis.aws_iam_role_policy.ecs_task_access_secrets[0]","module_address":"module.atlantis","mode":"managed","type":"aws_iam_role_policy","name":"ecs_task_access_secrets","index":0,"provider_name":"aws","change":{"actions":["create"],"before":null,"after":{"name":"ECSTaskAccessSecretsPolicy","name_prefix":null,"policy":"module.atlantis.data.aws_iam_policy_document.ecs_task_access_secrets.json","role":"module.atlantis.aws_iam_role.ecs_task_execution.id"},"after_unknown":{"id":true}}},{"address":"module.atlantis.aws_iam_role_policy_attachment.ecs_task_execution[0]","module_address":"module.atlantis","mode":"managed","type":"aws_iam_role_policy_attachment","name":"ecs_task_execution","index":0,"provider_name":"aws","change":{"actions":["create"],"before":null,"after":{"policy_arn":"arn:aws:iam::aws:policy/service-role/AmazonECSTaskExecutionRolePolicy","role":"module.atlantis.aws_iam_role.ecs_task_execution.id"},"after_unknown":{"id":true}}},{"address":"module.atlantis.aws_ssm_parameter.atlantis_github_user_token[0]","module_address":"module.atlantis","mode":"managed","type":"aws_ssm_parameter","name":"atlantis_github_user_token","index":0,"provider_name":"aws","change":{"actions":["create"],"before":null,"after":{"allowed_pattern":null,"description":null,"name":"/atlantis/github/user/token","overwrite":null,"tags":{"Name":"atlantis"},"tier":"Standard","type":"SecureString","value":"examplegithubtoken"},"after_unknown":{"arn":true,"data_type":true,"id":true,"key_id":true,"tags":{},"version":true}}},{"address":"module.atlantis.aws_ssm_parameter.webhook[0]","module_address":"module.atlantis","mode":"managed","type":"aws_ssm_parameter","name":"webhook","index":0,"provider_name":"aws","change":{"actions":["create"],"before":null,"after":{"allowed_pattern":null,"description":null,"name":"/atlantis/webhook/secret","overwrite":null,"tags":{"Name":"atlantis"},"tier":"Standard","type":"SecureString","value":"module.atlantis.random_id.webhook[0].hex"},"after_unknown":{"arn":true,"data_type":true,"id":true,"key_id":true,"tags":{},"version":true}}},{"address":"module.atlantis.data.aws_ecs_task_definition.atlantis","module_address":"module.atlantis","mode":"data","type":"aws_ecs_task_definition","name":"atlantis","provider_name":"aws","change":{"actions":["read"],"before":null,"after":{"task_definition":"atlantis"},"after_unknown":{"family":true,"id":true,"network_mode":true,"revision":true,"status":true,"task_role_arn":true}}},{"address":"module.atlantis.data.aws_iam_policy_document.ecs_task_access_secrets","module_address":"module.atlantis","mode":"data","type":"aws_iam_policy_document","name":"ecs_task_access_secrets","provider_name":"aws","change":{"actions":["read"],"before":null,"after":{"override_json":null,"policy_id":null,"source_json":null,"statement":[{"actions":["secretsmanager:GetSecretValue","ssm:GetParameters"],"condition":[],"effect":"Allow","not_actions":null,"not_principals":[],"not_resources":null,"principals":[],"resources":["module.atlantis.aws_ssm_parameter.atlantis_github_user_token[0].arn","module.atlantis.aws_ssm_parameter.webhook[0].arn"],"sid":null}],"version":null},"after_unknown":{"id":true,"json":true,"statement":[{"actions":[false,false],"condition":[],"not_principals":[],"principals":[],"resources":[false,false]}]}}},{"address":"module.atlantis.module.alb.aws_lb.this[0]","module_address":"module.atlantis.module.alb","mode":"managed","type":"aws_lb","name":"this","index":0,"provider_name":"aws","change":{"actions":["create"],"before":null,"after":{"access_logs":[{"bucket":"","enabled":false,"prefix":""}],"customer_owned_ipv4_pool":null,"drop_invalid_header_fields":false,"enable_cross_zone_load_balancing":null,"enable_deletion_protection":false,"enable_http2":true,"idle_timeout":60,"internal":false,"ip_address_type":"ipv4","load_balancer_type":"application","name":"atlantis","name_prefix":null,"security_groups":["module.atlantis.module.alb_http_sg.module.sg.aws_security_group.this_name_prefix[0].id","module.atlantis.module.alb_https_sg.module.sg.aws_security_group.this_name_prefix[0].id"],"subnets":["module.atlantis.module.vpc.aws_subnet.public[0].id","module.atlantis.module.vpc.aws_subnet.public[1].id","module.atlantis.module.vpc.aws_subnet.public[2].id"],"tags":{"Name":"atlantis"},"timeouts":{"create":"10m","delete":"10m","update":"10m"}},"after_unknown":{"access_logs":[{}],"arn":true,"arn_suffix":true,"dns_name":true,"id":true,"security_groups":[false,false],"subnet_mapping":true,"subnets":[false,false,false],"tags":{},"timeouts":{},"vpc_id":true,"zone_id":true}}},{"address":"module.atlantis.module.alb.aws_lb_listener.frontend_http_tcp[0]","module_address":"module.atlantis.module.alb","mode":"managed","type":"aws_lb_listener","name":"frontend_http_tcp","index":0,"provider_name":"aws","change":{"actions":["create"],"before":null,"after":{"certificate_arn":null,"default_action":[{"authenticate_cognito":[],"authenticate_oidc":[],"fixed_response":[],"forward":[],"redirect":[{"host":"#{host}","path":"/#{path}","port":"443","protocol":"HTTPS","query":"#{query}","status_code":"HTTP_301"}],"target_group_arn":null,"type":"redirect"}],"load_balancer_arn":"module.atlantis.module.alb.aws_lb.this[0].arn","port":80,"protocol":"HTTP","timeouts":null},"after_unknown":{"arn":true,"default_action":[{"authenticate_cognito":[],"authenticate_oidc":[],"fixed_response":[],"forward":[],"order":true,"redirect":[{}]}],"id":true,"ssl_policy":true}}},{"address":"module.atlantis.module.alb.aws_lb_listener.frontend_https[0]","module_address":"module.atlantis.module.alb","mode":"managed","type":"aws_lb_listener","name":"frontend_https","index":0,"provider_name":"aws","change":{"actions":["create"],"before":null,"after":{"certificate_arn":"arn:aws:acm:eu-west-1:135367859851:certificate/70e008e1-c0e1-4c7e-9670-7bb5bd4f5a84","default_action":[{"authenticate_cognito":[],"authenticate_oidc":[],"fixed_response":[],"forward":[],"redirect":[],"target_group_arn":"module.atlantis.module.alb.aws_lb_target_group.main[0].id","type":"forward"}],"load_balancer_arn":"module.atlantis.module.alb.aws_lb.this[0].arn","port":443,"protocol":"HTTPS","ssl_policy":"ELBSecurityPolicy-2016-08","timeouts":null},"after_unknown":{"arn":true,"default_action":[{"authenticate_cognito":[],"authenticate_oidc":[],"fixed_response":[],"forward":[],"order":true,"redirect":[]}],"id":true}}},{"address":"module.atlantis.module.alb.aws_lb_target_group.main[0]","module_address":"module.atlantis.module.alb","mode":"managed","type":"aws_lb_target_group","name":"main","index":0,"provider_name":"aws","change":{"actions":["create"],"before":null,"after":{"deregistration_delay":10,"lambda_multi_value_headers_enabled":false,"name":"atlantis","name_prefix":null,"port":4141,"protocol":"HTTP","proxy_protocol_v2":false,"slow_start":0,"tags":{"Name":"atlantis"},"target_type":"ip","vpc_id":"module.atlantis.module.vpc.aws_vpc.this[0].id"},"after_unknown":{"arn":true,"arn_suffix":true,"health_check":true,"id":true,"load_balancing_algorithm_type":true,"stickiness":true,"tags":{}}}},{"address":"module.atlantis.module.alb_http_sg.module.sg.aws_security_group.this_name_prefix[0]","module_address":"module.atlantis.module.alb_http_sg.module.sg","mode":"managed","type":"aws_security_group","name":"this_name_prefix","index":0,"provider_name":"aws","change":{"actions":["create"],"before":null,"after":{"description":"Security group with HTTP ports open for specific IPv4 CIDR block (or everybody), egress ports are all world open","name_prefix":"atlantis-alb-http-","revoke_rules_on_delete":false,"tags":{"Name":"atlantis"},"timeouts":null,"vpc_id":"module.atlantis.module.vpc.aws_vpc.this[0].id"},"after_unknown":{"arn":true,"egress":true,"id":true,"ingress":true,"name":true,"owner_id":true,"tags":{}}}},{"address":"module.atlantis.module.alb_http_sg.module.sg.aws_security_group_rule.egress_rules[0]","module_address":"module.atlantis.module.alb_http_sg.module.sg","mode":"managed","type":"aws_security_group_rule","name":"egress_rules","index":0,"provider_name":"aws","change":{"actions":["create"],"before":null,"after":{"cidr_blocks":["0.0.0.0/0"],"description":"All protocols","from_port":-1,"ipv6_cidr_blocks":["::/0"],"prefix_list_ids":[],"protocol":"-1","security_group_id":"module.atlantis.module.alb_http_sg.module.sg.aws_security_group.this_name_prefix[0].id","self":false,"to_port":-1,"type":"egress"},"after_unknown":{"cidr_blocks":[false],"id":true,"ipv6_cidr_blocks":[false],"prefix_list_ids":[],"source_security_group_id":true}}},{"address":"module.atlantis.module.alb_http_sg.module.sg.aws_security_group_rule.ingress_rules[0]","module_address":"module.atlantis.module.alb_http_sg.module.sg","mode":"managed","type":"aws_security_group_rule","name":"ingress_rules","index":0,"provider_name":"aws","change":{"actions":["create"],"before":null,"after":{"cidr_blocks":["0.0.0.0/0"],"description":"HTTP","from_port":80,"ipv6_cidr_blocks":[],"prefix_list_ids":[],"protocol":"tcp","security_group_id":"module.atlantis.module.alb_http_sg.module.sg.aws_security_group.this_name_prefix[0].id","self":false,"to_port":80,"type":"ingress"},"after_unknown":{"cidr_blocks":[false],"id":true,"ipv6_cidr_blocks":[],"prefix_list_ids":[],"source_security_group_id":true}}},{"address":"module.atlantis.module.alb_http_sg.module.sg.aws_security_group_rule.ingress_with_self[0]","module_address":"module.atlantis.module.alb_http_sg.module.sg","mode":"managed","type":"aws_security_group_rule","name":"ingress_with_self","index":0,"provider_name":"aws","change":{"actions":["create"],"before":null,"after":{"cidr_blocks":null,"description":"Ingress Rule","from_port":-1,"ipv6_cidr_blocks":null,"prefix_list_ids":[],"protocol":"-1","security_group_id":"module.atlantis.module.alb_http_sg.module.sg.aws_security_group.this_name_prefix[0].id","self":true,"to_port":-1,"type":"ingress"},"after_unknown":{"id":true,"prefix_list_ids":[],"source_security_group_id":true}}},{"address":"module.atlantis.module.alb_https_sg.module.sg.aws_security_group.this_name_prefix[0]","module_address":"module.atlantis.module.alb_https_sg.module.sg","mode":"managed","type":"aws_security_group","name":"this_name_prefix","index":0,"provider_name":"aws","change":{"actions":["create"],"before":null,"after":{"description":"Security group with HTTPS ports open for specific IPv4 CIDR block (or everybody), egress ports are all world open","name_prefix":"atlantis-alb-https-","revoke_rules_on_delete":false,"tags":{"Name":"atlantis"},"timeouts":null,"vpc_id":"module.atlantis.module.vpc.aws_vpc.this[0].id"},"after_unknown":{"arn":true,"egress":true,"id":true,"ingress":true,"name":true,"owner_id":true,"tags":{}}}},{"address":"module.atlantis.module.alb_https_sg.module.sg.aws_security_group_rule.egress_rules[0]","module_address":"module.atlantis.module.alb_https_sg.module.sg","mode":"managed","type":"aws_security_group_rule","name":"egress_rules","index":0,"provider_name":"aws","change":{"actions":["create"],"before":null,"after":{"cidr_blocks":["0.0.0.0/0"],"description":"All protocols","from_port":-1,"ipv6_cidr_blocks":["::/0"],"prefix_list_ids":[],"protocol":"-1","security_group_id":"module.atlantis.module.alb_https_sg.module.sg.aws_security_group.this_name_prefix[0].id","self":false,"to_port":-1,"type":"egress"},"after_unknown":{"cidr_blocks":[false],"id":true,"ipv6_cidr_blocks":[false],"prefix_list_ids":[],"source_security_group_id":true}}},{"address":"module.atlantis.module.alb_https_sg.module.sg.aws_security_group_rule.ingress_rules[0]","module_address":"module.atlantis.module.alb_https_sg.module.sg","mode":"managed","type":"aws_security_group_rule","name":"ingress_rules","index":0,"provider_name":"aws","change":{"actions":["create"],"before":null,"after":{"cidr_blocks":["0.0.0.0/0"],"description":"HTTPS","from_port":443,"ipv6_cidr_blocks":[],"prefix_list_ids":[],"protocol":"tcp","security_group_id":"module.atlantis.module.alb_https_sg.module.sg.aws_security_group.this_name_prefix[0].id","self":false,"to_port":443,"type":"ingress"},"after_unknown":{"cidr_blocks":[false],"id":true,"ipv6_cidr_blocks":[],"prefix_list_ids":[],"source_security_group_id":true}}},{"address":"module.atlantis.module.alb_https_sg.module.sg.aws_security_group_rule.ingress_with_self[0]","module_address":"module.atlantis.module.alb_https_sg.module.sg","mode":"managed","type":"aws_security_group_rule","name":"ingress_with_self","index":0,"provider_name":"aws","change":{"actions":["create"],"before":null,"after":{"cidr_blocks":null,"description":"Ingress Rule","from_port":-1,"ipv6_cidr_blocks":null,"prefix_list_ids":[],"protocol":"-1","security_group_id":"module.atlantis.module.alb_https_sg.module.sg.aws_security_group.this_name_prefix[0].id","self":true,"to_port":-1,"type":"ingress"},"after_unknown":{"id":true,"prefix_list_ids":[],"source_security_group_id":true}}},{"address":"module.atlantis.module.atlantis_sg.aws_security_group.this_name_prefix[0]","module_address":"module.atlantis.module.atlantis_sg","mode":"managed","type":"aws_security_group","name":"this_name_prefix","index":0,"provider_name":"aws","change":{"actions":["create"],"before":null,"after":{"description":"Security group with open port for Atlantis (4141) from ALB, egress ports are all world open","name_prefix":"atlantis-","revoke_rules_on_delete":false,"tags":{"Name":"atlantis"},"timeouts":null,"vpc_id":"module.atlantis.module.vpc.aws_vpc.this[0].id"},"after_unknown":{"arn":true,"egress":true,"id":true,"ingress":true,"name":true,"owner_id":true,"tags":{}}}},{"address":"module.atlantis.module.atlantis_sg.aws_security_group_rule.egress_rules[0]","module_address":"module.atlantis.module.atlantis_sg","mode":"managed","type":"aws_security_group_rule","name":"egress_rules","index":0,"provider_name":"aws","change":{"actions":["create"],"before":null,"after":{"cidr_blocks":["0.0.0.0/0"],"description":"All protocols","from_port":-1,"ipv6_cidr_blocks":["::/0"],"prefix_list_ids":[],"protocol":"-1","security_group_id":"module.atlantis.module.atlantis_sg.aws_security_group.this_name_prefix[0].id","self":false,"to_port":-1,"type":"egress"},"after_unknown":{"cidr_blocks":[false],"id":true,"ipv6_cidr_blocks":[false],"prefix_list_ids":[],"source_security_group_id":true}}},{"address":"module.atlantis.module.atlantis_sg.aws_security_group_rule.ingress_with_source_security_group_id[0]","module_address":"module.atlantis.module.atlantis_sg","mode":"managed","type":"aws_security_group_rule","name":"ingress_with_source_security_group_id","index":0,"provider_name":"aws","change":{"actions":["create"],"before":null,"after":{"cidr_blocks":null,"description":"Atlantis","from_port":4141,"ipv6_cidr_blocks":null,"prefix_list_ids":[],"protocol":"tcp","security_group_id":"module.atlantis.module.atlantis_sg.aws_security_group.this_name_prefix[0].id","self":false,"source_security_group_id":"module.atlantis.module.alb_https_sg.module.sg.aws_security_group.this_name_prefix[0].id","to_port":4141,"type":"ingress"},"after_unknown":{"id":true,"prefix_list_ids":[]}}},{"address":"module.atlantis.module.ecs.aws_ecs_cluster.this[0]","module_address":"module.atlantis.module.ecs","mode":"managed","type":"aws_ecs_cluster","name":"this","index":0,"provider_name":"aws","change":{"actions":["create"],"before":null,"after":{"capacity_providers":["FARGATE","FARGATE_SPOT"],"default_capacity_provider_strategy":[{"base":null,"capacity_provider":"FARGATE","weight":null}],"name":"atlantis","setting":[{"name":"containerInsights","value":"disabled"}],"tags":{"Name":"atlantis"}},"after_unknown":{"arn":true,"capacity_providers":[false,false],"default_capacity_provider_strategy":[{}],"id":true,"setting":[{}],"tags":{}}}},{"address":"module.atlantis.module.vpc.aws_eip.nat[0]","module_address":"module.atlantis.module.vpc","mode":"managed","type":"aws_eip","name":"nat","index":0,"provider_name":"aws","change":{"actions":["create"],"before":null,"after":{"associate_with_private_ip":null,"customer_owned_ipv4_pool":null,"tags":{"Name":"atlantis"},"timeouts":null,"vpc":true},"after_unknown":{"allocation_id":true,"association_id":true,"carrier_ip":true,"customer_owned_ip":true,"domain":true,"id":true,"instance":true,"network_border_group":true,"network_interface":true,"private_dns":true,"private_ip":true,"public_dns":true,"public_ip":true,"public_ipv4_pool":true,"tags":{}}}},{"address":"module.atlantis.module.vpc.aws_internet_gateway.this[0]","module_address":"module.atlantis.module.vpc","mode":"managed","type":"aws_internet_gateway","name":"this","index":0,"provider_name":"aws","change":{"actions":["create"],"before":null,"after":{"tags":{"Name":"atlantis"},"vpc_id":"module.atlantis.module.vpc.aws_vpc.this[0].id"},"after_unknown":{"arn":true,"id":true,"owner_id":true,"tags":{}}}},{"address":"module.atlantis.module.vpc.aws_nat_gateway.this[0]","module_address":"module.atlantis.module.vpc","mode":"managed","type":"aws_nat_gateway","name":"this","index":0,"provider_name":"aws","change":{"actions":["create"],"before":null,"after":{"allocation_id":"module.atlantis.module.vpc.aws_eip.nat[0].id","subnet_id":"module.atlantis.module.vpc.aws_subnet.public[0].id","tags":{"Name":"atlantis"}},"after_unknown":{"id":true,"network_interface_id":true,"private_ip":true,"public_ip":true,"tags":{}}}},{"address":"module.atlantis.module.vpc.aws_route.private_nat_gateway[0]","module_address":"module.atlantis.module.vpc","mode":"managed","type":"aws_route","name":"private_nat_gateway","index":0,"provider_name":"aws","change":{"actions":["create"],"before":null,"after":{"destination_cidr_block":"0.0.0.0/0","destination_ipv6_cidr_block":null,"nat_gateway_id":"module.atlantis.module.vpc.aws_nat_gateway.this[0].id","route_table_id":"module.atlantis.module.vpc.aws_route_table.private[0].id","timeouts":{"create":"5m","delete":null},"transit_gateway_id":null,"vpc_endpoint_id":null,"vpc_peering_connection_id":null},"after_unknown":{"destination_prefix_list_id":true,"egress_only_gateway_id":true,"gateway_id":true,"id":true,"instance_id":true,"instance_owner_id":true,"local_gateway_id":true,"network_interface_id":true,"origin":true,"state":true,"timeouts":{}}}},{"address":"module.atlantis.module.vpc.aws_route.public_internet_gateway[0]","module_address":"module.atlantis.module.vpc","mode":"managed","type":"aws_route","name":"public_internet_gateway","index":0,"provider_name":"aws","change":{"actions":["create"],"before":null,"after":{"destination_cidr_block":"0.0.0.0/0","destination_ipv6_cidr_block":null,"gateway_id":"module.atlantis.module.vpc.aws_internet_gateway.this[0].id","route_table_id":"module.atlantis.module.vpc.aws_route_table.public[0].id","timeouts":{"create":"5m","delete":null},"transit_gateway_id":null,"vpc_endpoint_id":null,"vpc_peering_connection_id":null},"after_unknown":{"destination_prefix_list_id":true,"egress_only_gateway_id":true,"id":true,"instance_id":true,"instance_owner_id":true,"local_gateway_id":true,"nat_gateway_id":true,"network_interface_id":true,"origin":true,"state":true,"timeouts":{}}}},{"address":"module.atlantis.module.vpc.aws_route_table.private[0]","module_address":"module.atlantis.module.vpc","mode":"managed","type":"aws_route_table","name":"private","index":0,"provider_name":"aws","change":{"actions":["create"],"before":null,"after":{"tags":{"Name":"atlantis"},"vpc_id":"module.atlantis.module.vpc.aws_vpc.this[0].id"},"after_unknown":{"id":true,"owner_id":true,"propagating_vgws":true,"route":true,"tags":{}}}},{"address":"module.atlantis.module.vpc.aws_route_table.public[0]","module_address":"module.atlantis.module.vpc","mode":"managed","type":"aws_route_table","name":"public","index":0,"provider_name":"aws","change":{"actions":["create"],"before":null,"after":{"tags":{"Name":"atlantis"},"vpc_id":"module.atlantis.module.vpc.aws_vpc.this[0].id"},"after_unknown":{"id":true,"owner_id":true,"propagating_vgws":true,"route":true,"tags":{}}}},{"address":"module.atlantis.module.vpc.aws_route_table_association.private[0]","module_address":"module.atlantis.module.vpc","mode":"managed","type":"aws_route_table_association","name":"private","index":0,"provider_name":"aws","change":{"actions":["create"],"before":null,"after":{"gateway_id":null,"route_table_id":"module.atlantis.module.vpc.aws_route_table.private[0].id","subnet_id":"module.atlantis.module.vpc.aws_subnet.private[0].id"},"after_unknown":{"id":true}}},{"address":"module.atlantis.module.vpc.aws_route_table_association.private[1]","module_address":"module.atlantis.module.vpc","mode":"managed","type":"aws_route_table_association","name":"private","index":1,"provider_name":"aws","change":{"actions":["create"],"before":null,"after":{"gateway_id":null,"route_table_id":"module.atlantis.module.vpc.aws_route_table.private[0].id","subnet_id":"module.atlantis.module.vpc.aws_subnet.private[1].id"},"after_unknown":{"id":true}}},{"address":"module.atlantis.module.vpc.aws_route_table_association.private[2]","module_address":"module.atlantis.module.vpc","mode":"managed","type":"aws_route_table_association","name":"private","index":2,"provider_name":"aws","change":{"actions":["create"],"before":null,"after":{"gateway_id":null,"route_table_id":"module.atlantis.module.vpc.aws_route_table.private[0].id","subnet_id":"module.atlantis.module.vpc.aws_subnet.private[2].id"},"after_unknown":{"id":true}}},{"address":"module.atlantis.module.vpc.aws_route_table_association.public[0]","module_address":"module.atlantis.module.vpc","mode":"managed","type":"aws_route_table_association","name":"public","index":0,"provider_name":"aws","change":{"actions":["create"],"before":null,"after":{"gateway_id":null,"route_table_id":"module.atlantis.module.vpc.aws_route_table.public[0].id","subnet_id":"module.atlantis.module.vpc.aws_subnet.public[0].id"},"after_unknown":{"id":true}}},{"address":"module.atlantis.module.vpc.aws_route_table_association.public[1]","module_address":"module.atlantis.module.vpc","mode":"managed","type":"aws_route_table_association","name":"public","index":1,"provider_name":"aws","change":{"actions":["create"],"before":null,"after":{"gateway_id":null,"route_table_id":"module.atlantis.module.vpc.aws_route_table.public[0].id","subnet_id":"module.atlantis.module.vpc.aws_subnet.public[1].id"},"after_unknown":{"id":true}}},{"address":"module.atlantis.module.vpc.aws_route_table_association.public[2]","module_address":"module.atlantis.module.vpc","mode":"managed","type":"aws_route_table_association","name":"public","index":2,"provider_name":"aws","change":{"actions":["create"],"before":null,"after":{"gateway_id":null,"route_table_id":"module.atlantis.module.vpc.aws_route_table.public[0].id","subnet_id":"module.atlantis.module.vpc.aws_subnet.public[2].id"},"after_unknown":{"id":true}}},{"address":"module.atlantis.module.vpc.aws_subnet.private[0]","module_address":"module.atlantis.module.vpc","mode":"managed","type":"aws_subnet","name":"private","index":0,"provider_name":"aws","change":{"actions":["create"],"before":null,"after":{"assign_ipv6_address_on_creation":false,"availability_zone":"eu-west-1a","cidr_block":"10.20.1.0/24","ipv6_cidr_block":null,"map_public_ip_on_launch":false,"outpost_arn":null,"tags":{"Name":"atlantis"},"timeouts":null,"vpc_id":"module.atlantis.module.vpc.aws_vpc.this[0].id"},"after_unknown":{"arn":true,"availability_zone_id":true,"id":true,"ipv6_cidr_block_association_id":true,"owner_id":true,"tags":{}}}},{"address":"module.atlantis.module.vpc.aws_subnet.private[1]","module_address":"module.atlantis.module.vpc","mode":"managed","type":"aws_subnet","name":"private","index":1,"provider_name":"aws","change":{"actions":["create"],"before":null,"after":{"assign_ipv6_address_on_creation":false,"availability_zone":"eu-west-1b","cidr_block":"10.20.2.0/24","ipv6_cidr_block":null,"map_public_ip_on_launch":false,"outpost_arn":null,"tags":{"Name":"atlantis"},"timeouts":null,"vpc_id":"module.atlantis.module.vpc.aws_vpc.this[0].id"},"after_unknown":{"arn":true,"availability_zone_id":true,"id":true,"ipv6_cidr_block_association_id":true,"owner_id":true,"tags":{}}}},{"address":"module.atlantis.module.vpc.aws_subnet.private[2]","module_address":"module.atlantis.module.vpc","mode":"managed","type":"aws_subnet","name":"private","index":2,"provider_name":"aws","change":{"actions":["create"],"before":null,"after":{"assign_ipv6_address_on_creation":false,"availability_zone":"eu-west-1c","cidr_block":"10.20.3.0/24","ipv6_cidr_block":null,"map_public_ip_on_launch":false,"outpost_arn":null,"tags":{"Name":"atlantis"},"timeouts":null,"vpc_id":"module.atlantis.module.vpc.aws_vpc.this[0].id"},"after_unknown":{"arn":true,"availability_zone_id":true,"id":true,"ipv6_cidr_block_association_id":true,"owner_id":true,"tags":{}}}},{"address":"module.atlantis.module.vpc.aws_subnet.public[0]","module_address":"module.atlantis.module.vpc","mode":"managed","type":"aws_subnet","name":"public","index":0,"provider_name":"aws","change":{"actions":["create"],"before":null,"after":{"assign_ipv6_address_on_creation":false,"availability_zone":"eu-west-1a","cidr_block":"10.20.101.0/24","ipv6_cidr_block":null,"map_public_ip_on_launch":true,"outpost_arn":null,"tags":{"Name":"atlantis"},"timeouts":null,"vpc_id":"module.atlantis.module.vpc.aws_vpc.this[0].id"},"after_unknown":{"arn":true,"availability_zone_id":true,"id":true,"ipv6_cidr_block_association_id":true,"owner_id":true,"tags":{}}}},{"address":"module.atlantis.module.vpc.aws_subnet.public[1]","module_address":"module.atlantis.module.vpc","mode":"managed","type":"aws_subnet","name":"public","index":1,"provider_name":"aws","change":{"actions":["create"],"before":null,"after":{"assign_ipv6_address_on_creation":false,"availability_zone":"eu-west-1b","cidr_block":"10.20.102.0/24","ipv6_cidr_block":null,"map_public_ip_on_launch":true,"outpost_arn":null,"tags":{"Name":"atlantis"},"timeouts":null,"vpc_id":"module.atlantis.module.vpc.aws_vpc.this[0].id"},"after_unknown":{"arn":true,"availability_zone_id":true,"id":true,"ipv6_cidr_block_association_id":true,"owner_id":true,"tags":{}}}},{"address":"module.atlantis.module.vpc.aws_subnet.public[2]","module_address":"module.atlantis.module.vpc","mode":"managed","type":"aws_subnet","name":"public","index":2,"provider_name":"aws","change":{"actions":["create"],"before":null,"after":{"assign_ipv6_address_on_creation":false,"availability_zone":"eu-west-1c","cidr_block":"10.20.103.0/24","ipv6_cidr_block":null,"map_public_ip_on_launch":true,"outpost_arn":null,"tags":{"Name":"atlantis"},"timeouts":null,"vpc_id":"module.atlantis.module.vpc.aws_vpc.this[0].id"},"after_unknown":{"arn":true,"availability_zone_id":true,"id":true,"ipv6_cidr_block_association_id":true,"owner_id":true,"tags":{}}}},{"address":"module.atlantis.module.vpc.aws_vpc.this[0]","module_address":"module.atlantis.module.vpc","mode":"managed","type":"aws_vpc","name":"this","index":0,"provider_name":"aws","change":{"actions":["create"],"before":null,"after":{"assign_generated_ipv6_cidr_block":false,"cidr_block":"10.20.0.0/16","enable_dns_hostnames":false,"enable_dns_support":true,"instance_tenancy":"default","tags":{"Name":"atlantis"}},"after_unknown":{"arn":true,"default_network_acl_id":true,"default_route_table_id":true,"default_security_group_id":true,"dhcp_options_id":true,"enable_classiclink":true,"enable_classiclink_dns_support":true,"id":true,"ipv6_association_id":true,"ipv6_cidr_block":true,"main_route_table_id":true,"owner_id":true,"tags":{}}}},{"address":"module.atlantis.random_id.webhook[0]","module_address":"module.atlantis","mode":"managed","type":"random_id","name":"webhook","index":0,"provider_name":"random","change":{"actions":["create"],"before":null,"after":{"byte_length":64,"keepers":null,"prefix":null},"after_unknown":{"b64_std":true,"b64_url":true,"dec":true,"hex":true,"id":true}}}],"output_changes":{"alb_dns_name":{"actions":["create"],"before":null,"after":"module.atlantis.module.alb.aws_lb.this[0].dns_name","after_unknown":false},"alb_zone_id":{"actions":["create"],"before":null,"after":"module.atlantis.module.alb.aws_lb.this[0].zone_id","after_unknown":false},"atlantis_allowed_repo_names":{"actions":["create"],"before":null,"after":[],"after_unknown":false},"atlantis_url":{"actions":["create"],"before":null,"after":"https://module.atlantis.module.alb.aws_lb.this[0].dns_name","after_unknown":false},"atlantis_url_events":{"actions":["create"],"before":null,"after":"https://module.atlantis.module.alb.aws_lb.this[0].dns_name/events","after_unknown":false},"azs":{"actions":["create"],"before":null,"after":["eu-west-1a","eu-west-1b","eu-west-1c"],"after_unknown":false},"cgw_arns":{"actions":["create"],"before":null,"after":[],"after_unknown":false},"cgw_ids":{"actions":["create"],"before":null,"after":[],"after_unknown":false},"database_internet_gateway_route_id":{"actions":["create"],"before":null,"after":"","after_unknown":false},"database_ipv6_egress_route_id":{"actions":["create"],"before":null,"after":"","after_unknown":false},"database_nat_gateway_route_ids":{"actions":["create"],"before":null,"after":[],"after_unknown":false},"database_network_acl_arn":{"actions":["create"],"before":null,"after":"","after_unknown":false},"database_network_acl_id":{"actions":["create"],"before":null,"after":"","after_unknown":false},"database_route_table_association_ids":{"actions":["create"],"before":null,"after":[],"after_unknown":false},"database_route_table_ids":{"actions":["create"],"before":null,"after":["module.atlantis.module.vpc.aws_route_table.private[0].id"],"after_unknown":false},"database_subnet_arns":{"actions":["create"],"before":null,"after":[],"after_unknown":false},"database_subnet_group":{"actions":["create"],"before":null,"after":"","after_unknown":false},"database_subnets":{"actions":["create"],"before":null,"after":[],"after_unknown":false},"database_subnets_cidr_blocks":{"actions":["create"],"before":null,"after":[],"after_unknown":false},"database_subnets_ipv6_cidr_blocks":{"actions":["create"],"before":null,"after":[],"after_unknown":false},"default_network_acl_id":{"actions":["create"],"before":null,"after":"module.atlantis.module.vpc.aws_vpc.this[0].default_network_acl_id","after_unknown":false},"default_route_table_id":{"actions":["create"],"before":null,"after":"module.atlantis.module.vpc.aws_vpc.this[0].default_route_table_id","after_unknown":false},"default_security_group_id":{"actions":["create"],"before":null,"after":"module.atlantis.module.vpc.aws_vpc.this[0].default_security_group_id","after_unknown":false},"default_vpc_arn":{"actions":["create"],"before":null,"after":"","after_unknown":false},"default_vpc_cidr_block":{"actions":["create"],"before":null,"after":"","after_unknown":false},"default_vpc_default_network_acl_id":{"actions":["create"],"before":null,"after":"","after_unknown":false},"default_vpc_default_route_table_id":{"actions":["create"],"before":null,"after":"","after_unknown":false},"default_vpc_default_security_group_id":{"actions":["create"],"before":null,"after":"","after_unknown":false},"default_vpc_enable_dns_hostnames":{"actions":["create"],"before":null,"after":"","after_unknown":false},"default_vpc_enable_dns_support":{"actions":["create"],"before":null,"after":"","after_unknown":false},"default_vpc_id":{"actions":["create"],"before":null,"after":"","after_unknown":false},"default_vpc_instance_tenancy":{"actions":["create"],"before":null,"after":"","after_unknown":false},"default_vpc_main_route_table_id":{"actions":["create"],"before":null,"after":"","after_unknown":false},"distinct_domain_names":{"actions":["create"],"before":null,"after":["atlantis."],"after_unknown":false},"ecs_security_group":{"actions":["create"],"before":null,"after":"module.atlantis.module.atlantis_sg.aws_security_group.this_name_prefix[0].id","after_unknown":false},"ecs_task_definition":{"actions":["create"],"before":null,"after":"module.atlantis.aws_ecs_service.atlantis.task_definition","after_unknown":false},"egress_only_internet_gateway_id":{"actions":["create"],"before":null,"after":"","after_unknown":false},"elasticache_network_acl_arn":{"actions":["create"],"before":null,"after":"","after_unknown":false},"elasticache_network_acl_id":{"actions":["create"],"before":null,"after":"","after_unknown":false},"elasticache_route_table_association_ids":{"actions":["create"],"before":null,"after":[],"after_unknown":false},"elasticache_route_table_ids":{"actions":["create"],"before":null,"after":["module.atlantis.module.vpc.aws_route_table.private[0].id"],"after_unknown":false},"elasticache_subnet_arns":{"actions":["create"],"before":null,"after":[],"after_unknown":false},"elasticache_subnet_group":{"actions":["create"],"before":null,"after":"","after_unknown":false},"elasticache_subnet_group_name":{"actions":["create"],"before":null,"after":"","after_unknown":false},"elasticache_subnets":{"actions":["create"],"before":null,"after":[],"after_unknown":false},"elasticache_subnets_cidr_blocks":{"actions":["create"],"before":null,"after":[],"after_unknown":false},"elasticache_subnets_ipv6_cidr_blocks":{"actions":["create"],"before":null,"after":[],"after_unknown":false},"http_tcp_listener_arns":{"actions":["create"],"before":null,"after":["module.atlantis.module.alb.aws_lb_listener.frontend_http_tcp[0].arn"],"after_unknown":false},"http_tcp_listener_ids":{"actions":["create"],"before":null,"after":["module.atlantis.module.alb.aws_lb_listener.frontend_http_tcp[0].id"],"after_unknown":false},"https_listener_arns":{"actions":["create"],"before":null,"after":["module.atlantis.module.alb.aws_lb_listener.frontend_https[0].arn"],"after_unknown":false},"https_listener_ids":{"actions":["create"],"before":null,"after":["module.atlantis.module.alb.aws_lb_listener.frontend_https[0].id"],"after_unknown":false},"igw_arn":{"actions":["create"],"before":null,"after":"module.atlantis.module.vpc.aws_internet_gateway.this[0].arn","after_unknown":false},"igw_id":{"actions":["create"],"before":null,"after":"module.atlantis.module.vpc.aws_internet_gateway.this[0].id","after_unknown":false},"intra_network_acl_arn":{"actions":["create"],"before":null,"after":"","after_unknown":false},"intra_network_acl_id":{"actions":["create"],"before":null,"after":"","after_unknown":false},"intra_route_table_association_ids":{"actions":["create"],"before":null,"after":[],"after_unknown":false},"intra_route_table_ids":{"actions":["create"],"before":null,"after":[],"after_unknown":false},"intra_subnet_arns":{"actions":["create"],"before":null,"after":[],"after_unknown":false},"intra_subnets":{"actions":["create"],"before":null,"after":[],"after_unknown":false},"intra_subnets_cidr_blocks":{"actions":["create"],"before":null,"after":[],"after_unknown":false},"intra_subnets_ipv6_cidr_blocks":{"actions":["create"],"before":null,"after":[],"after_unknown":false},"json_map_encoded":{"actions":["create"],"before":null,"after":"{\"cpu\":256,\"environment\":[{\"name\":\"ATLANTIS_ALLOW_REPO_CONFIG\",\"value\":\"false\"},{\"name\":\"ATLANTIS_ATLANTIS_URL\",\"value\":\"https://module.atlantis.module.alb.aws_lb.this[0].dns_name\"},{\"name\":\"ATLANTIS_BITBUCKET_BASE_URL\",\"value\":\"\"},{\"name\":\"ATLANTIS_BITBUCKET_USER\",\"value\":\"\"},{\"name\":\"ATLANTIS_GH_USER\",\"value\":\"atlantis-bot\"},{\"name\":\"ATLANTIS_GITLAB_HOSTNAME\",\"value\":\"gitlab.com\"},{\"name\":\"ATLANTIS_GITLAB_USER\",\"value\":\"\"},{\"name\":\"ATLANTIS_HIDE_PREV_PLAN_COMMENTS\",\"value\":\"false\"},{\"name\":\"ATLANTIS_LOG_LEVEL\",\"value\":\"debug\"},{\"name\":\"ATLANTIS_PORT\",\"value\":\"4141\"},{\"name\":\"ATLANTIS_REPO_WHITELIST\",\"value\":\"github.com/terraform-aws-modules/*\"}],\"essential\":true,\"image\":\"runatlantis/atlantis:latest\",\"logConfiguration\":{\"logDriver\":\"awslogs\",\"options\":{\"awslogs-group\":\"atlantis\",\"awslogs-region\":\"us-east-1\",\"awslogs-stream-prefix\":\"ecs\"},\"secretOptions\":[]},\"memory\":512,\"memoryReservation\":128,\"mountPoints\":[],\"name\":\"atlantis\",\"portMappings\":[{\"containerPort\":4141,\"hostPort\":4141,\"protocol\":\"tcp\"}],\"readonlyRootFilesystem\":false,\"secrets\":[{\"name\":\"ATLANTIS_GH_TOKEN\",\"valueFrom\":\"/atlantis/github/user/token\"}],\"startTimeout\":30,\"stopTimeout\":30,\"volumesFrom\":[]}","after_unknown":false},"json_map_encoded_list":{"actions":["create"],"before":null,"after":"[{\"cpu\":256,\"environment\":[{\"name\":\"ATLANTIS_ALLOW_REPO_CONFIG\",\"value\":\"false\"},{\"name\":\"ATLANTIS_ATLANTIS_URL\",\"value\":\"https://module.atlantis.module.alb.aws_lb.this[0].dns_name\"},{\"name\":\"ATLANTIS_BITBUCKET_BASE_URL\",\"value\":\"\"},{\"name\":\"ATLANTIS_BITBUCKET_USER\",\"value\":\"\"},{\"name\":\"ATLANTIS_GH_USER\",\"value\":\"atlantis-bot\"},{\"name\":\"ATLANTIS_GITLAB_HOSTNAME\",\"value\":\"gitlab.com\"},{\"name\":\"ATLANTIS_GITLAB_USER\",\"value\":\"\"},{\"name\":\"ATLANTIS_HIDE_PREV_PLAN_COMMENTS\",\"value\":\"false\"},{\"name\":\"ATLANTIS_LOG_LEVEL\",\"value\":\"debug\"},{\"name\":\"ATLANTIS_PORT\",\"value\":\"4141\"},{\"name\":\"ATLANTIS_REPO_WHITELIST\",\"value\":\"github.com/terraform-aws-modules/*\"}],\"essential\":true,\"image\":\"runatlantis/atlantis:latest\",\"logConfiguration\":{\"logDriver\":\"awslogs\",\"options\":{\"awslogs-group\":\"atlantis\",\"awslogs-region\":\"us-east-1\",\"awslogs-stream-prefix\":\"ecs\"},\"secretOptions\":[]},\"memory\":512,\"memoryReservation\":128,\"mountPoints\":[],\"name\":\"atlantis\",\"portMappings\":[{\"containerPort\":4141,\"hostPort\":4141,\"protocol\":\"tcp\"}],\"readonlyRootFilesystem\":false,\"secrets\":[{\"name\":\"ATLANTIS_GH_TOKEN\",\"valueFrom\":\"/atlantis/github/user/token\"}],\"startTimeout\":30,\"stopTimeout\":30,\"volumesFrom\":[]}]","after_unknown":false},"json_map_object":{"actions":["create"],"before":null,"after":{"cpu":256,"environment":[{"name":"ATLANTIS_ALLOW_REPO_CONFIG","value":"false"},{"name":"ATLANTIS_ATLANTIS_URL","value":"https://module.atlantis.module.alb.aws_lb.this[0].dns_name"},{"name":"ATLANTIS_BITBUCKET_BASE_URL","value":""},{"name":"ATLANTIS_BITBUCKET_USER","value":""},{"name":"ATLANTIS_GH_USER","value":"atlantis-bot"},{"name":"ATLANTIS_GITLAB_HOSTNAME","value":"gitlab.com"},{"name":"ATLANTIS_GITLAB_USER","value":""},{"name":"ATLANTIS_HIDE_PREV_PLAN_COMMENTS","value":"false"},{"name":"ATLANTIS_LOG_LEVEL","value":"debug"},{"name":"ATLANTIS_PORT","value":"4141"},{"name":"ATLANTIS_REPO_WHITELIST","value":"github.com/terraform-aws-modules/*"}],"essential":true,"image":"runatlantis/atlantis:latest","logConfiguration":{"logDriver":"awslogs","options":{"awslogs-group":"atlantis","awslogs-region":"us-east-1","awslogs-stream-prefix":"ecs"},"secretOptions":[]},"memory":512,"memoryReservation":128,"mountPoints":[],"name":"atlantis","portMappings":[{"containerPort":4141,"hostPort":4141,"protocol":"tcp"}],"readonlyRootFilesystem":false,"secrets":[{"name":"ATLANTIS_GH_TOKEN","valueFrom":"/atlantis/github/user/token"}],"startTimeout":30,"stopTimeout":30,"volumesFrom":[]},"after_unknown":false},"name":{"actions":["create"],"before":null,"after":"atlantis","after_unknown":false},"nat_ids":{"actions":["create"],"before":null,"after":["module.atlantis.module.vpc.aws_eip.nat[0].id"],"after_unknown":false},"nat_public_ips":{"actions":["create"],"before":null,"after":["module.atlantis.module.vpc.aws_eip.nat[0].public_ip"],"after_unknown":false},"natgw_ids":{"actions":["create"],"before":null,"after":["module.atlantis.module.vpc.aws_nat_gateway.this[0].id"],"after_unknown":false},"private_ipv6_egress_route_ids":{"actions":["create"],"before":null,"after":[],"after_unknown":false},"private_nat_gateway_route_ids":{"actions":["create"],"before":null,"after":["module.atlantis.module.vpc.aws_route.private_nat_gateway[0].id"],"after_unknown":false},"private_network_acl_arn":{"actions":["create"],"before":null,"after":"","after_unknown":false},"private_network_acl_id":{"actions":["create"],"before":null,"after":"","after_unknown":false},"private_route_table_association_ids":{"actions":["create"],"before":null,"after":["module.atlantis.module.vpc.aws_route_table_association.private[0].id","module.atlantis.module.vpc.aws_route_table_association.private[1].id","module.atlantis.module.vpc.aws_route_table_association.private[2].id"],"after_unknown":false},"private_route_table_ids":{"actions":["create"],"before":null,"after":["module.atlantis.module.vpc.aws_route_table.private[0].id"],"after_unknown":false},"private_subnet_arns":{"actions":["create"],"before":null,"after":["module.atlantis.module.vpc.aws_subnet.private[0].arn","module.atlantis.module.vpc.aws_subnet.private[1].arn","module.atlantis.module.vpc.aws_subnet.private[2].arn"],"after_unknown":false},"private_subnet_ids":{"actions":["create"],"before":null,"after":["module.atlantis.module.vpc.aws_subnet.private[0].id","module.atlantis.module.vpc.aws_subnet.private[1].id","module.atlantis.module.vpc.aws_subnet.private[2].id"],"after_unknown":false},"private_subnets":{"actions":["create"],"before":null,"after":["module.atlantis.module.vpc.aws_subnet.private[0].id","module.atlantis.module.vpc.aws_subnet.private[1].id","module.atlantis.module.vpc.aws_subnet.private[2].id"],"after_unknown":false},"private_subnets_cidr_blocks":{"actions":["create"],"before":null,"after":["10.20.1.0/24","10.20.2.0/24","10.20.3.0/24"],"after_unknown":false},"private_subnets_ipv6_cidr_blocks":{"actions":["create"],"before":null,"after":[null,null,null],"after_unknown":false},"public_internet_gateway_ipv6_route_id":{"actions":["create"],"before":null,"after":"","after_unknown":false},"public_internet_gateway_route_id":{"actions":["create"],"before":null,"after":"module.atlantis.module.vpc.aws_route.public_internet_gateway[0].id","after_unknown":false},"public_network_acl_arn":{"actions":["create"],"before":null,"after":"","after_unknown":false},"public_network_acl_id":{"actions":["create"],"before":null,"after":"","after_unknown":false},"public_route_table_association_ids":{"actions":["create"],"before":null,"after":["module.atlantis.module.vpc.aws_route_table_association.public[0].id","module.atlantis.module.vpc.aws_route_table_association.public[1].id","module.atlantis.module.vpc.aws_route_table_association.public[2].id"],"after_unknown":false},"public_route_table_ids":{"actions":["create"],"before":null,"after":["module.atlantis.module.vpc.aws_route_table.public[0].id"],"after_unknown":false},"public_subnet_arns":{"actions":["create"],"before":null,"after":["module.atlantis.module.vpc.aws_subnet.public[0].arn","module.atlantis.module.vpc.aws_subnet.public[1].arn","module.atlantis.module.vpc.aws_subnet.public[2].arn"],"after_unknown":false},"public_subnet_ids":{"actions":["create"],"before":null,"after":["module.atlantis.module.vpc.aws_subnet.public[0].id","module.atlantis.module.vpc.aws_subnet.public[1].id","module.atlantis.module.vpc.aws_subnet.public[2].id"],"after_unknown":false},"public_subnets":{"actions":["create"],"before":null,"after":["module.atlantis.module.vpc.aws_subnet.public[0].id","module.atlantis.module.vpc.aws_subnet.public[1].id","module.atlantis.module.vpc.aws_subnet.public[2].id"],"after_unknown":false},"public_subnets_cidr_blocks":{"actions":["create"],"before":null,"after":["10.20.101.0/24","10.20.102.0/24","10.20.103.0/24"],"after_unknown":false},"public_subnets_ipv6_cidr_blocks":{"actions":["create"],"before":null,"after":[null,null,null],"after_unknown":false},"redshift_network_acl_arn":{"actions":["create"],"before":null,"after":"","after_unknown":false},"redshift_network_acl_id":{"actions":["create"],"before":null,"after":"","after_unknown":false},"redshift_public_route_table_association_ids":{"actions":["create"],"before":null,"after":[],"after_unknown":false},"redshift_route_table_association_ids":{"actions":["create"],"before":null,"after":[],"after_unknown":false},"redshift_route_table_ids":{"actions":["create"],"before":null,"after":["module.atlantis.module.vpc.aws_route_table.private[0].id"],"after_unknown":false},"redshift_subnet_arns":{"actions":["create"],"before":null,"after":[],"after_unknown":false},"redshift_subnet_group":{"actions":["create"],"before":null,"after":"","after_unknown":false},"redshift_subnets":{"actions":["create"],"before":null,"after":[],"after_unknown":false},"redshift_subnets_cidr_blocks":{"actions":["create"],"before":null,"after":[],"after_unknown":false},"redshift_subnets_ipv6_cidr_blocks":{"actions":["create"],"before":null,"after":[],"after_unknown":false},"target_group_arn_suffixes":{"actions":["create"],"before":null,"after":["module.atlantis.module.alb.aws_lb_target_group.main[0].arn_suffix"],"after_unknown":false},"target_group_arns":{"actions":["create"],"before":null,"after":["module.atlantis.module.alb.aws_lb_target_group.main[0].arn"],"after_unknown":false},"target_group_names":{"actions":["create"],"before":null,"after":["atlantis"],"after_unknown":false},"task_role_arn":{"actions":["create"],"before":null,"after":"module.atlantis.aws_iam_role.ecs_task_execution.arn","after_unknown":false},"task_role_id":{"actions":["create"],"before":null,"after":"module.atlantis.aws_iam_role.ecs_task_execution.id","after_unknown":false},"task_role_name":{"actions":["create"],"before":null,"after":"atlantis-ecs_task_execution","after_unknown":false},"task_role_unique_id":{"actions":["create"],"before":null,"after":"module.atlantis.aws_iam_role.ecs_task_execution.unique_id","after_unknown":false},"this_acm_certificate_arn":{"actions":["create"],"before":null,"after":"","after_unknown":false},"this_acm_certificate_domain_validation_options":{"actions":["create"],"before":null,"after":[],"after_unknown":false},"this_acm_certificate_validation_emails":{"actions":["create"],"before":null,"after":[],"after_unknown":false},"this_customer_gateway":{"actions":["create"],"before":null,"after":{},"after_unknown":false},"this_ecs_cluster_arn":{"actions":["create"],"before":null,"after":"module.atlantis.module.ecs.aws_ecs_cluster.this[0].arn","after_unknown":false},"this_ecs_cluster_id":{"actions":["create"],"before":null,"after":"module.atlantis.module.ecs.aws_ecs_cluster.this[0].id","after_unknown":false},"this_ecs_cluster_name":{"actions":["create"],"before":null,"after":"atlantis","after_unknown":false},"this_lb_arn":{"actions":["create"],"before":null,"after":"module.atlantis.module.alb.aws_lb.this[0].arn","after_unknown":false},"this_lb_arn_suffix":{"actions":["create"],"before":null,"after":"module.atlantis.module.alb.aws_lb.this[0].arn_suffix","after_unknown":false},"this_lb_dns_name":{"actions":["create"],"before":null,"after":"module.atlantis.module.alb.aws_lb.this[0].dns_name","after_unknown":false},"this_lb_id":{"actions":["create"],"before":null,"after":"module.atlantis.module.alb.aws_lb.this[0].id","after_unknown":false},"this_lb_zone_id":{"actions":["create"],"before":null,"after":"module.atlantis.module.alb.aws_lb.this[0].zone_id","after_unknown":false},"this_security_group_description":{"actions":["create"],"before":null,"after":"Security group with HTTP ports open for specific IPv4 CIDR block (or everybody), egress ports are all world open","after_unknown":false},"this_security_group_id":{"actions":["create"],"before":null,"after":"module.atlantis.module.alb_http_sg.module.sg.aws_security_group.this_name_prefix[0].id","after_unknown":false},"this_security_group_name":{"actions":["create"],"before":null,"after":"module.atlantis.module.alb_http_sg.module.sg.aws_security_group.this_name_prefix[0].name","after_unknown":false},"this_security_group_owner_id":{"actions":["create"],"before":null,"after":"module.atlantis.module.alb_http_sg.module.sg.aws_security_group.this_name_prefix[0].owner_id","after_unknown":false},"this_security_group_vpc_id":{"actions":["create"],"before":null,"after":"module.atlantis.module.vpc.aws_vpc.this[0].id","after_unknown":false},"validation_domains":{"actions":["create"],"before":null,"after":[],"after_unknown":false},"validation_route53_record_fqdns":{"actions":["create"],"before":null,"after":[],"after_unknown":false},"vgw_arn":{"actions":["create"],"before":null,"after":"","after_unknown":false},"vgw_id":{"actions":["create"],"before":null,"after":"","after_unknown":false},"vpc_arn":{"actions":["create"],"before":null,"after":"module.atlantis.module.vpc.aws_vpc.this[0].arn","after_unknown":false},"vpc_cidr_block":{"actions":["create"],"before":null,"after":"10.20.0.0/16","after_unknown":false},"vpc_enable_dns_hostnames":{"actions":["create"],"before":null,"after":false,"after_unknown":false},"vpc_enable_dns_support":{"actions":["create"],"before":null,"after":true,"after_unknown":false},"vpc_endpoint_access_analyzer_dns_entry":{"actions":["create"],"before":null,"after":[],"after_unknown":false},"vpc_endpoint_access_analyzer_id":{"actions":["create"],"before":null,"after":"","after_unknown":false},"vpc_endpoint_access_analyzer_network_interface_ids":{"actions":["create"],"before":null,"after":[],"after_unknown":false},"vpc_endpoint_acm_pca_dns_entry":{"actions":["create"],"before":null,"after":[],"after_unknown":false},"vpc_endpoint_acm_pca_id":{"actions":["create"],"before":null,"after":"","after_unknown":false},"vpc_endpoint_acm_pca_network_interface_ids":{"actions":["create"],"before":null,"after":[],"after_unknown":false},"vpc_endpoint_apigw_dns_entry":{"actions":["create"],"before":null,"after":[],"after_unknown":false},"vpc_endpoint_apigw_id":{"actions":["create"],"before":null,"after":"","after_unknown":false},"vpc_endpoint_apigw_network_interface_ids":{"actions":["create"],"before":null,"after":[],"after_unknown":false},"vpc_endpoint_appmesh_envoy_management_dns_entry":{"actions":["create"],"before":null,"after":[],"after_unknown":false},"vpc_endpoint_appmesh_envoy_management_id":{"actions":["create"],"before":null,"after":"","after_unknown":false},"vpc_endpoint_appmesh_envoy_management_network_interface_ids":{"actions":["create"],"before":null,"after":[],"after_unknown":false},"vpc_endpoint_appstream_api_dns_entry":{"actions":["create"],"before":null,"after":[],"after_unknown":false},"vpc_endpoint_appstream_api_id":{"actions":["create"],"before":null,"after":"","after_unknown":false},"vpc_endpoint_appstream_api_network_interface_ids":{"actions":["create"],"before":null,"after":[],"after_unknown":false},"vpc_endpoint_appstream_streaming_dns_entry":{"actions":["create"],"before":null,"after":[],"after_unknown":false},"vpc_endpoint_appstream_streaming_id":{"actions":["create"],"before":null,"after":"","after_unknown":false},"vpc_endpoint_appstream_streaming_network_interface_ids":{"actions":["create"],"before":null,"after":[],"after_unknown":false},"vpc_endpoint_athena_dns_entry":{"actions":["create"],"before":null,"after":[],"after_unknown":false},"vpc_endpoint_athena_id":{"actions":["create"],"before":null,"after":"","after_unknown":false},"vpc_endpoint_athena_network_interface_ids":{"actions":["create"],"before":null,"after":[],"after_unknown":false},"vpc_endpoint_auto_scaling_plans_dns_entry":{"actions":["create"],"before":null,"after":[],"after_unknown":false},"vpc_endpoint_auto_scaling_plans_id":{"actions":["create"],"before":null,"after":"","after_unknown":false},"vpc_endpoint_auto_scaling_plans_network_interface_ids":{"actions":["create"],"before":null,"after":[],"after_unknown":false},"vpc_endpoint_cloud_directory_dns_entry":{"actions":["create"],"before":null,"after":[],"after_unknown":false},"vpc_endpoint_cloud_directory_id":{"actions":["create"],"before":null,"after":"","after_unknown":false},"vpc_endpoint_cloud_directory_network_interface_ids":{"actions":["create"],"before":null,"after":[],"after_unknown":false},"vpc_endpoint_cloudformation_dns_entry":{"actions":["create"],"before":null,"after":[],"after_unknown":false},"vpc_endpoint_cloudformation_id":{"actions":["create"],"before":null,"after":"","after_unknown":false},"vpc_endpoint_cloudformation_network_interface_ids":{"actions":["create"],"before":null,"after":[],"after_unknown":false},"vpc_endpoint_cloudtrail_dns_entry":{"actions":["create"],"before":null,"after":[],"after_unknown":false},"vpc_endpoint_cloudtrail_id":{"actions":["create"],"before":null,"after":"","after_unknown":false},"vpc_endpoint_cloudtrail_network_interface_ids":{"actions":["create"],"before":null,"after":[],"after_unknown":false},"vpc_endpoint_codeartifact_api_dns_entry":{"actions":["create"],"before":null,"after":[],"after_unknown":false},"vpc_endpoint_codeartifact_api_id":{"actions":["create"],"before":null,"after":"","after_unknown":false},"vpc_endpoint_codeartifact_api_network_interface_ids":{"actions":["create"],"before":null,"after":[],"after_unknown":false},"vpc_endpoint_codeartifact_repositories_dns_entry":{"actions":["create"],"before":null,"after":[],"after_unknown":false},"vpc_endpoint_codeartifact_repositories_id":{"actions":["create"],"before":null,"after":"","after_unknown":false},"vpc_endpoint_codeartifact_repositories_network_interface_ids":{"actions":["create"],"before":null,"after":[],"after_unknown":false},"vpc_endpoint_codebuild_dns_entry":{"actions":["create"],"before":null,"after":[],"after_unknown":false},"vpc_endpoint_codebuild_id":{"actions":["create"],"before":null,"after":"","after_unknown":false},"vpc_endpoint_codebuild_network_interface_ids":{"actions":["create"],"before":null,"after":[],"after_unknown":false},"vpc_endpoint_codecommit_dns_entry":{"actions":["create"],"before":null,"after":[],"after_unknown":false},"vpc_endpoint_codecommit_id":{"actions":["create"],"before":null,"after":"","after_unknown":false},"vpc_endpoint_codecommit_network_interface_ids":{"actions":["create"],"before":null,"after":[],"after_unknown":false},"vpc_endpoint_codepipeline_dns_entry":{"actions":["create"],"before":null,"after":[],"after_unknown":false},"vpc_endpoint_codepipeline_id":{"actions":["create"],"before":null,"after":"","after_unknown":false},"vpc_endpoint_codepipeline_network_interface_ids":{"actions":["create"],"before":null,"after":[],"after_unknown":false},"vpc_endpoint_config_dns_entry":{"actions":["create"],"before":null,"after":[],"after_unknown":false},"vpc_endpoint_config_id":{"actions":["create"],"before":null,"after":"","after_unknown":false},"vpc_endpoint_config_network_interface_ids":{"actions":["create"],"before":null,"after":[],"after_unknown":false},"vpc_endpoint_datasync_dns_entry":{"actions":["create"],"before":null,"after":[],"after_unknown":false},"vpc_endpoint_datasync_id":{"actions":["create"],"before":null,"after":"","after_unknown":false},"vpc_endpoint_datasync_network_interface_ids":{"actions":["create"],"before":null,"after":[],"after_unknown":false},"vpc_endpoint_dynamodb_id":{"actions":["create"],"before":null,"after":"","after_unknown":false},"vpc_endpoint_dynamodb_pl_id":{"actions":["create"],"before":null,"after":"","after_unknown":false},"vpc_endpoint_ebs_dns_entry":{"actions":["create"],"before":null,"after":[],"after_unknown":false},"vpc_endpoint_ebs_id":{"actions":["create"],"before":null,"after":"","after_unknown":false},"vpc_endpoint_ebs_network_interface_ids":{"actions":["create"],"before":null,"after":[],"after_unknown":false},"vpc_endpoint_ec2_autoscaling_dns_entry":{"actions":["create"],"before":null,"after":[],"after_unknown":false},"vpc_endpoint_ec2_autoscaling_id":{"actions":["create"],"before":null,"after":"","after_unknown":false},"vpc_endpoint_ec2_autoscaling_network_interface_ids":{"actions":["create"],"before":null,"after":[],"after_unknown":false},"vpc_endpoint_ec2_dns_entry":{"actions":["create"],"before":null,"after":[],"after_unknown":false},"vpc_endpoint_ec2_id":{"actions":["create"],"before":null,"after":"","after_unknown":false},"vpc_endpoint_ec2_network_interface_ids":{"actions":["create"],"before":null,"after":[],"after_unknown":false},"vpc_endpoint_ec2messages_dns_entry":{"actions":["create"],"before":null,"after":[],"after_unknown":false},"vpc_endpoint_ec2messages_id":{"actions":["create"],"before":null,"after":"","after_unknown":false},"vpc_endpoint_ec2messages_network_interface_ids":{"actions":["create"],"before":null,"after":[],"after_unknown":false},"vpc_endpoint_ecr_api_dns_entry":{"actions":["create"],"before":null,"after":[],"after_unknown":false},"vpc_endpoint_ecr_api_id":{"actions":["create"],"before":null,"after":"","after_unknown":false},"vpc_endpoint_ecr_api_network_interface_ids":{"actions":["create"],"before":null,"after":[],"after_unknown":false},"vpc_endpoint_ecr_dkr_dns_entry":{"actions":["create"],"before":null,"after":[],"after_unknown":false},"vpc_endpoint_ecr_dkr_id":{"actions":["create"],"before":null,"after":"","after_unknown":false},"vpc_endpoint_ecr_dkr_network_interface_ids":{"actions":["create"],"before":null,"after":[],"after_unknown":false},"vpc_endpoint_ecs_agent_dns_entry":{"actions":["create"],"before":null,"after":[],"after_unknown":false},"vpc_endpoint_ecs_agent_id":{"actions":["create"],"before":null,"after":"","after_unknown":false},"vpc_endpoint_ecs_agent_network_interface_ids":{"actions":["create"],"before":null,"after":[],"after_unknown":false},"vpc_endpoint_ecs_dns_entry":{"actions":["create"],"before":null,"after":[],"after_unknown":false},"vpc_endpoint_ecs_id":{"actions":["create"],"before":null,"after":"","after_unknown":false},"vpc_endpoint_ecs_network_interface_ids":{"actions":["create"],"before":null,"after":[],"after_unknown":false},"vpc_endpoint_ecs_telemetry_dns_entry":{"actions":["create"],"before":null,"after":[],"after_unknown":false},"vpc_endpoint_ecs_telemetry_id":{"actions":["create"],"before":null,"after":"","after_unknown":false},"vpc_endpoint_ecs_telemetry_network_interface_ids":{"actions":["create"],"before":null,"after":[],"after_unknown":false},"vpc_endpoint_efs_dns_entry":{"actions":["create"],"before":null,"after":[],"after_unknown":false},"vpc_endpoint_efs_id":{"actions":["create"],"before":null,"after":"","after_unknown":false},"vpc_endpoint_efs_network_interface_ids":{"actions":["create"],"before":null,"after":[],"after_unknown":false},"vpc_endpoint_elastic_inference_runtime_dns_entry":{"actions":["create"],"before":null,"after":[],"after_unknown":false},"vpc_endpoint_elastic_inference_runtime_id":{"actions":["create"],"before":null,"after":"","after_unknown":false},"vpc_endpoint_elastic_inference_runtime_network_interface_ids":{"actions":["create"],"before":null,"after":[],"after_unknown":false},"vpc_endpoint_elasticbeanstalk_dns_entry":{"actions":["create"],"before":null,"after":[],"after_unknown":false},"vpc_endpoint_elasticbeanstalk_health_dns_entry":{"actions":["create"],"before":null,"after":[],"after_unknown":false},"vpc_endpoint_elasticbeanstalk_health_id":{"actions":["create"],"before":null,"after":"","after_unknown":false},"vpc_endpoint_elasticbeanstalk_health_network_interface_ids":{"actions":["create"],"before":null,"after":[],"after_unknown":false},"vpc_endpoint_elasticbeanstalk_id":{"actions":["create"],"before":null,"after":"","after_unknown":false},"vpc_endpoint_elasticbeanstalk_network_interface_ids":{"actions":["create"],"before":null,"after":[],"after_unknown":false},"vpc_endpoint_elasticloadbalancing_dns_entry":{"actions":["create"],"before":null,"after":[],"after_unknown":false},"vpc_endpoint_elasticloadbalancing_id":{"actions":["create"],"before":null,"after":"","after_unknown":false},"vpc_endpoint_elasticloadbalancing_network_interface_ids":{"actions":["create"],"before":null,"after":[],"after_unknown":false},"vpc_endpoint_elasticmapreduce_dns_entry":{"actions":["create"],"before":null,"after":[],"after_unknown":false},"vpc_endpoint_elasticmapreduce_id":{"actions":["create"],"before":null,"after":"","after_unknown":false},"vpc_endpoint_elasticmapreduce_network_interface_ids":{"actions":["create"],"before":null,"after":[],"after_unknown":false},"vpc_endpoint_events_dns_entry":{"actions":["create"],"before":null,"after":[],"after_unknown":false},"vpc_endpoint_events_id":{"actions":["create"],"before":null,"after":"","after_unknown":false},"vpc_endpoint_events_network_interface_ids":{"actions":["create"],"before":null,"after":[],"after_unknown":false},"vpc_endpoint_git_codecommit_dns_entry":{"actions":["create"],"before":null,"after":[],"after_unknown":false},"vpc_endpoint_git_codecommit_id":{"actions":["create"],"before":null,"after":"","after_unknown":false},"vpc_endpoint_git_codecommit_network_interface_ids":{"actions":["create"],"before":null,"after":[],"after_unknown":false},"vpc_endpoint_glue_dns_entry":{"actions":["create"],"before":null,"after":[],"after_unknown":false},"vpc_endpoint_glue_id":{"actions":["create"],"before":null,"after":"","after_unknown":false},"vpc_endpoint_glue_network_interface_ids":{"actions":["create"],"before":null,"after":[],"after_unknown":false},"vpc_endpoint_kinesis_firehose_dns_entry":{"actions":["create"],"before":null,"after":[],"after_unknown":false},"vpc_endpoint_kinesis_firehose_id":{"actions":["create"],"before":null,"after":"","after_unknown":false},"vpc_endpoint_kinesis_firehose_network_interface_ids":{"actions":["create"],"before":null,"after":[],"after_unknown":false},"vpc_endpoint_kinesis_streams_dns_entry":{"actions":["create"],"before":null,"after":[],"after_unknown":false},"vpc_endpoint_kinesis_streams_id":{"actions":["create"],"before":null,"after":"","after_unknown":false},"vpc_endpoint_kinesis_streams_network_interface_ids":{"actions":["create"],"before":null,"after":[],"after_unknown":false},"vpc_endpoint_kms_dns_entry":{"actions":["create"],"before":null,"after":[],"after_unknown":false},"vpc_endpoint_kms_id":{"actions":["create"],"before":null,"after":"","after_unknown":false},"vpc_endpoint_kms_network_interface_ids":{"actions":["create"],"before":null,"after":[],"after_unknown":false},"vpc_endpoint_lambda_dns_entry":{"actions":["create"],"before":null,"after":[],"after_unknown":false},"vpc_endpoint_lambda_id":{"actions":["create"],"before":null,"after":"","after_unknown":false},"vpc_endpoint_lambda_network_interface_ids":{"actions":["create"],"before":null,"after":[],"after_unknown":false},"vpc_endpoint_logs_dns_entry":{"actions":["create"],"before":null,"after":[],"after_unknown":false},"vpc_endpoint_logs_id":{"actions":["create"],"before":null,"after":"","after_unknown":false},"vpc_endpoint_logs_network_interface_ids":{"actions":["create"],"before":null,"after":[],"after_unknown":false},"vpc_endpoint_monitoring_dns_entry":{"actions":["create"],"before":null,"after":[],"after_unknown":false},"vpc_endpoint_monitoring_id":{"actions":["create"],"before":null,"after":"","after_unknown":false},"vpc_endpoint_monitoring_network_interface_ids":{"actions":["create"],"before":null,"after":[],"after_unknown":false},"vpc_endpoint_qldb_session_dns_entry":{"actions":["create"],"before":null,"after":[],"after_unknown":false},"vpc_endpoint_qldb_session_id":{"actions":["create"],"before":null,"after":"","after_unknown":false},"vpc_endpoint_qldb_session_network_interface_ids":{"actions":["create"],"before":null,"after":[],"after_unknown":false},"vpc_endpoint_rekognition_dns_entry":{"actions":["create"],"before":null,"after":[],"after_unknown":false},"vpc_endpoint_rekognition_id":{"actions":["create"],"before":null,"after":"","after_unknown":false},"vpc_endpoint_rekognition_network_interface_ids":{"actions":["create"],"before":null,"after":[],"after_unknown":false},"vpc_endpoint_s3_id":{"actions":["create"],"before":null,"after":"","after_unknown":false},"vpc_endpoint_s3_pl_id":{"actions":["create"],"before":null,"after":"","after_unknown":false},"vpc_endpoint_sagemaker_api_dns_entry":{"actions":["create"],"before":null,"after":[],"after_unknown":false},"vpc_endpoint_sagemaker_api_id":{"actions":["create"],"before":null,"after":"","after_unknown":false},"vpc_endpoint_sagemaker_api_network_interface_ids":{"actions":["create"],"before":null,"after":[],"after_unknown":false},"vpc_endpoint_sagemaker_runtime_dns_entry":{"actions":["create"],"before":null,"after":[],"after_unknown":false},"vpc_endpoint_sagemaker_runtime_id":{"actions":["create"],"before":null,"after":"","after_unknown":false},"vpc_endpoint_sagemaker_runtime_network_interface_ids":{"actions":["create"],"before":null,"after":[],"after_unknown":false},"vpc_endpoint_secretsmanager_dns_entry":{"actions":["create"],"before":null,"after":[],"after_unknown":false},"vpc_endpoint_secretsmanager_id":{"actions":["create"],"before":null,"after":"","after_unknown":false},"vpc_endpoint_secretsmanager_network_interface_ids":{"actions":["create"],"before":null,"after":[],"after_unknown":false},"vpc_endpoint_servicecatalog_dns_entry":{"actions":["create"],"before":null,"after":[],"after_unknown":false},"vpc_endpoint_servicecatalog_id":{"actions":["create"],"before":null,"after":"","after_unknown":false},"vpc_endpoint_servicecatalog_network_interface_ids":{"actions":["create"],"before":null,"after":[],"after_unknown":false},"vpc_endpoint_ses_dns_entry":{"actions":["create"],"before":null,"after":[],"after_unknown":false},"vpc_endpoint_ses_id":{"actions":["create"],"before":null,"after":"","after_unknown":false},"vpc_endpoint_ses_network_interface_ids":{"actions":["create"],"before":null,"after":[],"after_unknown":false},"vpc_endpoint_sms_dns_entry":{"actions":["create"],"before":null,"after":[],"after_unknown":false},"vpc_endpoint_sms_id":{"actions":["create"],"before":null,"after":"","after_unknown":false},"vpc_endpoint_sms_network_interface_ids":{"actions":["create"],"before":null,"after":[],"after_unknown":false},"vpc_endpoint_sns_dns_entry":{"actions":["create"],"before":null,"after":[],"after_unknown":false},"vpc_endpoint_sns_id":{"actions":["create"],"before":null,"after":"","after_unknown":false},"vpc_endpoint_sns_network_interface_ids":{"actions":["create"],"before":null,"after":[],"after_unknown":false},"vpc_endpoint_sqs_dns_entry":{"actions":["create"],"before":null,"after":[],"after_unknown":false},"vpc_endpoint_sqs_id":{"actions":["create"],"before":null,"after":"","after_unknown":false},"vpc_endpoint_sqs_network_interface_ids":{"actions":["create"],"before":null,"after":[],"after_unknown":false},"vpc_endpoint_ssm_dns_entry":{"actions":["create"],"before":null,"after":[],"after_unknown":false},"vpc_endpoint_ssm_id":{"actions":["create"],"before":null,"after":"","after_unknown":false},"vpc_endpoint_ssm_network_interface_ids":{"actions":["create"],"before":null,"after":[],"after_unknown":false},"vpc_endpoint_ssmmessages_dns_entry":{"actions":["create"],"before":null,"after":[],"after_unknown":false},"vpc_endpoint_ssmmessages_id":{"actions":["create"],"before":null,"after":"","after_unknown":false},"vpc_endpoint_ssmmessages_network_interface_ids":{"actions":["create"],"before":null,"after":[],"after_unknown":false},"vpc_endpoint_states_dns_entry":{"actions":["create"],"before":null,"after":[],"after_unknown":false},"vpc_endpoint_states_id":{"actions":["create"],"before":null,"after":"","after_unknown":false},"vpc_endpoint_states_network_interface_ids":{"actions":["create"],"before":null,"after":[],"after_unknown":false},"vpc_endpoint_storagegateway_dns_entry":{"actions":["create"],"before":null,"after":[],"after_unknown":false},"vpc_endpoint_storagegateway_id":{"actions":["create"],"before":null,"after":"","after_unknown":false},"vpc_endpoint_storagegateway_network_interface_ids":{"actions":["create"],"before":null,"after":[],"after_unknown":false},"vpc_endpoint_sts_dns_entry":{"actions":["create"],"before":null,"after":[],"after_unknown":false},"vpc_endpoint_sts_id":{"actions":["create"],"before":null,"after":"","after_unknown":false},"vpc_endpoint_sts_network_interface_ids":{"actions":["create"],"before":null,"after":[],"after_unknown":false},"vpc_endpoint_textract_dns_entry":{"actions":["create"],"before":null,"after":[],"after_unknown":false},"vpc_endpoint_textract_id":{"actions":["create"],"before":null,"after":"","after_unknown":false},"vpc_endpoint_textract_network_interface_ids":{"actions":["create"],"before":null,"after":[],"after_unknown":false},"vpc_endpoint_transfer_dns_entry":{"actions":["create"],"before":null,"after":[],"after_unknown":false},"vpc_endpoint_transfer_id":{"actions":["create"],"before":null,"after":"","after_unknown":false},"vpc_endpoint_transfer_network_interface_ids":{"actions":["create"],"before":null,"after":[],"after_unknown":false},"vpc_endpoint_transferserver_dns_entry":{"actions":["create"],"before":null,"after":[],"after_unknown":false},"vpc_endpoint_transferserver_id":{"actions":["create"],"before":null,"after":"","after_unknown":false},"vpc_endpoint_transferserver_network_interface_ids":{"actions":["create"],"before":null,"after":[],"after_unknown":false},"vpc_endpoint_workspaces_dns_entry":{"actions":["create"],"before":null,"after":[],"after_unknown":false},"vpc_endpoint_workspaces_id":{"actions":["create"],"before":null,"after":"","after_unknown":false},"vpc_endpoint_workspaces_network_interface_ids":{"actions":["create"],"before":null,"after":[],"after_unknown":false},"vpc_flow_log_cloudwatch_iam_role_arn":{"actions":["create"],"before":null,"after":"","after_unknown":false},"vpc_flow_log_destination_arn":{"actions":["create"],"before":null,"after":"","after_unknown":false},"vpc_flow_log_destination_type":{"actions":["create"],"before":null,"after":"cloud-watch-logs","after_unknown":false},"vpc_flow_log_id":{"actions":["create"],"before":null,"after":"","after_unknown":false},"vpc_id":{"actions":["create"],"before":null,"after":"module.atlantis.module.vpc.aws_vpc.this[0].id","after_unknown":false},"vpc_instance_tenancy":{"actions":["create"],"before":null,"after":"default","after_unknown":false},"vpc_ipv6_association_id":{"actions":["create"],"before":null,"after":"module.atlantis.module.vpc.aws_vpc.this[0].ipv6_association_id","after_unknown":false},"vpc_ipv6_cidr_block":{"actions":["create"],"before":null,"after_unknown":true},"vpc_main_route_table_id":{"actions":["create"],"before":null,"after":"module.atlantis.module.vpc.aws_vpc.this[0].main_route_table_id","after_unknown":false},"vpc_owner_id":{"actions":["create"],"before":null,"after":"module.atlantis.module.vpc.aws_vpc.this[0].owner_id","after_unknown":false},"vpc_secondary_cidr_blocks":{"actions":["create"],"before":null,"after":[],"after_unknown":false},"webhook_secret":{"actions":["create"],"before":null,"after":"module.atlantis.random_id.webhook[0].hex","after_unknown":false}},"prior_state":{"format_version":"0.1","terraform_version":"0.12.29","values":{"root_module":{"child_modules":[{"resources":[{"address":"data.aws_iam_policy_document.ecs_tasks","mode":"data","type":"aws_iam_policy_document","name":"ecs_tasks","provider_name":"aws","schema_version":0,"values":{"id":"320642683","json":"{\n  \"Version\": \"2012-10-17\",\n  \"Statement\": [\n    {\n      \"Sid\": \"\",\n      \"Effect\": \"Allow\",\n      \"Action\": \"sts:AssumeRole\",\n      \"Principal\": {\n        \"Service\": \"ecs-tasks.amazonaws.com\"\n      }\n    }\n  ]\n}","override_json":null,"policy_id":null,"source_json":null,"statement":[{"actions":["sts:AssumeRole"],"condition":[],"effect":"Allow","not_actions":[],"not_principals":[],"not_resources":[],"principals":[{"identifiers":["ecs-tasks.amazonaws.com"],"type":"Service"}],"resources":[],"sid":""}],"version":"2012-10-17"}},{"address":"data.aws_region.current","mode":"data","type":"aws_region","name":"current","provider_name":"aws","schema_version":0,"values":{"description":"US East (N. Virginia)","endpoint":"ec2.us-east-1.amazonaws.com","id":"us-east-1","name":"us-east-1"}}],"address":"module.atlantis"}]}}},"configuration":{"provider_config":{"aws":{"name":"aws","expressions":{"region":{"constant_value":"us-east-1"}}}},"root_module":{"module_calls":{"atlantis":{"source":"terraform-aws-modules/atlantis/aws","expressions":{"atlantis_github_user":{"constant_value":"atlantis-bot"},"atlantis_github_user_token":{"constant_value":"examplegithubtoken"},"atlantis_repo_whitelist":{"constant_value":["github.com/terraform-aws-modules/*"]},"azs":{"constant_value":["eu-west-1a","eu-west-1b","eu-west-1c"]},"certificate_arn":{"constant_value":"arn:aws:acm:eu-west-1:135367859851:certificate/70e008e1-c0e1-4c7e-9670-7bb5bd4f5a84"},"cidr":{"constant_value":"10.20.0.0/16"},"create_route53_record":{"constant_value":false},"name":{"constant_value":"atlantis"},"private_subnets":{"constant_value":["10.20.1.0/24","10.20.2.0/24","10.20.3.0/24"]},"public_subnets":{"constant_value":["10.20.101.0/24","10.20.102.0/24","10.20.103.0/24"]}},"module":{"outputs":{"alb_dns_name":{"expression":{"references":["module.alb.this_lb_dns_name"]},"description":"Dns name of alb"},"alb_zone_id":{"expression":{"references":["module.alb.this_lb_zone_id"]},"description":"Zone ID of alb"},"atlantis_allowed_repo_names":{"expression":{"references":["var.atlantis_allowed_repo_names"]},"description":"Git repositories where webhook should be created"},"atlantis_url":{"expression":{"references":["local.atlantis_url"]},"description":"URL of Atlantis"},"atlantis_url_events":{"expression":{"references":["local.atlantis_url_events"]},"description":"Webhook events URL of Atlantis"},"ecs_security_group":{"expression":{"references":["module.atlantis_sg.this_security_group_id"]},"description":"Security group assigned to ECS Service in network configuration"},"ecs_task_definition":{"expression":{"references":["aws_ecs_service.atlantis"]},"description":"Task definition for ECS service (used for external triggers)"},"private_subnet_ids":{"expression":{"references":["local.private_subnet_ids"]},"description":"IDs of the VPC private subnets that were created or passed in"},"public_subnet_ids":{"expression":{"references":["local.public_subnet_ids"]},"description":"IDs of the VPC public subnets that were created or passed in"},"task_role_arn":{"expression":{"references":["aws_iam_role.ecs_task_execution"]},"description":"The Atlantis ECS task role arn"},"task_role_id":{"expression":{"references":["aws_iam_role.ecs_task_execution"]},"description":"The Atlantis ECS task role id"},"task_role_name":{"expression":{"references":["aws_iam_role.ecs_task_execution"]},"description":"The Atlantis ECS task role name"},"task_role_unique_id":{"expression":{"references":["aws_iam_role.ecs_task_execution"]},"description":"The stable and unique string identifying the Atlantis ECS task role."},"vpc_id":{"expression":{"references":["local.vpc_id"]},"description":"ID of the VPC that was created or passed in"},"webhook_secret":{"expression":{"references":["random_id.webhook"]},"description":"Webhook secret"}},"resources":[{"address":"aws_cloudwatch_log_group.atlantis","mode":"managed","type":"aws_cloudwatch_log_group","name":"atlantis","provider_config_key":"atlantis:aws","expressions":{"name":{"references":["var.name"]},"retention_in_days":{"references":["var.cloudwatch_log_retention_in_days"]},"tags":{"references":["local.tags"]}},"schema_version":0,"raw_data":{"FileName":".terraform/modules/atlantis/main.tf","StartLine":617,"EndLine":622}},{"address":"aws_ecs_service.atlantis","mode":"managed","type":"aws_ecs_service","name":"atlantis","provider_config_key":"atlantis:aws","expressions":{"cluster":{"references":["module.ecs.this_ecs_cluster_id"]},"deployment_maximum_percent":{"references":["var.ecs_service_deployment_maximum_percent"]},"deployment_minimum_healthy_percent":{"references":["var.ecs_service_deployment_minimum_healthy_percent"]},"desired_count":{"references":["var.ecs_service_desired_count"]},"launch_type":{"references":["var.ecs_fargate_spot"]},"load_balancer":[{"container_name":{"references":["var.name"]},"container_port":{"references":["var.atlantis_port"]},"target_group_arn":{"references":["module.alb.target_group_arns"]}}],"name":{"references":["var.name"]},"network_configuration":[{"assign_public_ip":{"references":["var.ecs_service_assign_public_ip"]},"security_groups":{"references":["module.atlantis_sg.this_security_group_id"]},"subnets":{"references":["local.private_subnet_ids"]}}],"platform_version":{"references":["var.ecs_service_platform_version"]},"tags":{"references":["local.tags"]},"task_definition":{"references":["data.aws_ecs_task_definition.atlantis","aws_ecs_task_definition.atlantis","data.aws_ecs_task_definition.atlantis"]}},"schema_version":0,"raw_data":{"FileName":".terraform/modules/atlantis/main.tf","StartLine":578,"EndLine":612}},{"address":"aws_ecs_task_definition.atlantis","mode":"managed","type":"aws_ecs_task_definition","name":"atlantis","provider_config_key":"atlantis:aws","expressions":{"container_definitions":{"references":["local.container_definitions"]},"cpu":{"references":["var.ecs_task_cpu"]},"execution_role_arn":{"references":["aws_iam_role.ecs_task_execution"]},"family":{"references":["var.name"]},"memory":{"references":["var.ecs_task_memory"]},"network_mode":{"constant_value":"awsvpc"},"requires_compatibilities":{"constant_value":["FARGATE"]},"tags":{"references":["local.tags"]},"task_role_arn":{"references":["aws_iam_role.ecs_task_execution"]}},"schema_version":1,"raw_data":{"FileName":".terraform/modules/atlantis/main.tf","StartLine":558,"EndLine":570}},{"address":"aws_iam_role.ecs_task_execution","mode":"managed","type":"aws_iam_role","name":"ecs_task_execution","provider_config_key":"atlantis:aws","expressions":{"assume_role_policy":{"references":["data.aws_iam_policy_document.ecs_tasks"]},"name":{"references":["var.name"]},"permissions_boundary":{"references":["var.permissions_boundary"]},"tags":{"references":["local.tags"]}},"schema_version":0,"raw_data":{"FileName":".terraform/modules/atlantis/main.tf","StartLine":381,"EndLine":387}},{"address":"aws_iam_role_policy.ecs_task_access_secrets","mode":"managed","type":"aws_iam_role_policy","name":"ecs_task_access_secrets","provider_config_key":"atlantis:aws","expressions":{"name":{"constant_value":"ECSTaskAccessSecretsPolicy"},"policy":{"references":["data.aws_iam_policy_document.ecs_task_access_secrets_with_kms","data.aws_iam_policy_document.ecs_task_access_secrets"]},"role":{"references":["aws_iam_role.ecs_task_execution"]}},"schema_version":0,"count_expression":{"references":["var.atlantis_github_user_token","var.atlantis_gitlab_user_token","var.atlantis_bitbucket_user_token"]},"raw_data":{"FileName":".terraform/modules/atlantis/main.tf","StartLine":427,"EndLine":443}},{"address":"aws_iam_role_policy_attachment.ecs_task_execution","mode":"managed","type":"aws_iam_role_policy_attachment","name":"ecs_task_execution","provider_config_key":"atlantis:aws","expressions":{"policy_arn":{"references":["var.policies_arn","count.index"]},"role":{"references":["aws_iam_role.ecs_task_execution"]}},"schema_version":0,"count_expression":{"references":["var.policies_arn"]},"raw_data":{"FileName":".terraform/modules/atlantis/main.tf","StartLine":389,"EndLine":394}},{"address":"aws_lb_listener_rule.unauthenticated_access_for_cidr_blocks","mode":"managed","type":"aws_lb_listener_rule","name":"unauthenticated_access_for_cidr_blocks","provider_config_key":"atlantis:aws","expressions":{"action":[{"target_group_arn":{"references":["module.alb.target_group_arns"]},"type":{"constant_value":"forward"}}],"condition":[{"source_ip":[{"values":{"references":["var.allow_github_webhooks","var.github_webhooks_cidr_blocks","var.whitelist_unauthenticated_cidr_blocks"]}}]}],"listener_arn":{"references":["module.alb.https_listener_arns"]},"priority":{"references":["var.allow_unauthenticated_access_priority"]}},"schema_version":0,"count_expression":{"references":["var.allow_unauthenticated_access"]},"raw_data":{"FileName":".terraform/modules/atlantis/main.tf","StartLine":244,"EndLine":260}},{"address":"aws_route53_record.atlantis","mode":"managed","type":"aws_route53_record","name":"atlantis","provider_config_key":"atlantis:aws","expressions":{"alias":[{"evaluate_target_health":{"constant_value":true},"name":{"references":["module.alb.this_lb_dns_name"]},"zone_id":{"references":["module.alb.this_lb_zone_id"]}}],"name":{"references":["var.route53_record_name","var.route53_record_name","var.name"]},"type":{"constant_value":"A"},"zone_id":{"references":["data.aws_route53_zone.this[0]"]}},"schema_version":2,"count_expression":{"references":["var.create_route53_record"]},"raw_data":{"FileName":".terraform/modules/atlantis/main.tf","StartLine":333,"EndLine":345}},{"address":"aws_ssm_parameter.atlantis_bitbucket_user_token","mode":"managed","type":"aws_ssm_parameter","name":"atlantis_bitbucket_user_token","provider_config_key":"atlantis:aws","expressions":{"name":{"references":["var.atlantis_bitbucket_user_token_ssm_parameter_name"]},"tags":{"references":["local.tags"]},"type":{"constant_value":"SecureString"},"value":{"references":["var.atlantis_bitbucket_user_token"]}},"schema_version":0,"count_expression":{"references":["var.atlantis_bitbucket_user_token"]},"raw_data":{"FileName":".terraform/modules/atlantis/main.tf","StartLine":152,"EndLine":160}},{"address":"aws_ssm_parameter.atlantis_github_user_token","mode":"managed","type":"aws_ssm_parameter","name":"atlantis_github_user_token","provider_config_key":"atlantis:aws","expressions":{"name":{"references":["var.atlantis_github_user_token_ssm_parameter_name"]},"tags":{"references":["local.tags"]},"type":{"constant_value":"SecureString"},"value":{"references":["var.atlantis_github_user_token"]}},"schema_version":0,"count_expression":{"references":["var.atlantis_github_user_token"]},"raw_data":{"FileName":".terraform/modules/atlantis/main.tf","StartLine":132,"EndLine":140}},{"address":"aws_ssm_parameter.atlantis_gitlab_user_token","mode":"managed","type":"aws_ssm_parameter","name":"atlantis_gitlab_user_token","provider_config_key":"atlantis:aws","expressions":{"name":{"references":["var.atlantis_gitlab_user_token_ssm_parameter_name"]},"tags":{"references":["local.tags"]},"type":{"constant_value":"SecureString"},"value":{"references":["var.atlantis_gitlab_user_token"]}},"schema_version":0,"count_expression":{"references":["var.atlantis_gitlab_user_token"]},"raw_data":{"FileName":".terraform/modules/atlantis/main.tf","StartLine":142,"EndLine":150}},{"address":"aws_ssm_parameter.webhook","mode":"managed","type":"aws_ssm_parameter","name":"webhook","provider_config_key":"atlantis:aws","expressions":{"name":{"references":["var.webhook_ssm_parameter_name"]},"tags":{"references":["local.tags"]},"type":{"constant_value":"SecureString"},"value":{"references":["var.atlantis_github_webhook_secret","random_id.webhook"]}},"schema_version":0,"count_expression":{"references":["var.atlantis_bitbucket_user_token"]},"raw_data":{"FileName":".terraform/modules/atlantis/main.tf","StartLine":122,"EndLine":130}},{"address":"random_id.webhook","mode":"managed","type":"random_id","name":"webhook","provider_config_key":"atlantis:random","expressions":{"byte_length":{"constant_value":"64"}},"schema_version":0,"count_expression":{"references":["var.atlantis_github_webhook_secret"]},"raw_data":{"FileName":".terraform/modules/atlantis/main.tf","StartLine":116,"EndLine":120}},{"address":"data.aws_ecs_task_definition.atlantis","mode":"data","type":"aws_ecs_task_definition","name":"atlantis","provider_config_key":"atlantis:aws","expressions":{"task_definition":{"references":["var.name"]}},"schema_version":0,"depends_on":["aws_ecs_task_definition.atlantis"],"raw_data":{"FileName":".terraform/modules/atlantis/main.tf","StartLine":572,"EndLine":576}},{"address":"data.aws_iam_policy_document.ecs_task_access_secrets","mode":"data","type":"aws_iam_policy_document","name":"ecs_task_access_secrets","provider_config_key":"atlantis:aws","expressions":{"statement":[{"actions":{"constant_value":["ssm:GetParameters","secretsmanager:GetSecretValue"]},"effect":{"constant_value":"Allow"},"resources":{"references":["aws_ssm_parameter.webhook","aws_ssm_parameter.atlantis_github_user_token","aws_ssm_parameter.atlantis_gitlab_user_token","aws_ssm_parameter.atlantis_bitbucket_user_token"]}}]},"schema_version":0,"raw_data":{"FileName":".terraform/modules/atlantis/main.tf","StartLine":397,"EndLine":412}},{"address":"data.aws_iam_policy_document.ecs_task_access_secrets_with_kms","mode":"data","type":"aws_iam_policy_document","name":"ecs_task_access_secrets_with_kms","provider_config_key":"atlantis:aws","expressions":{"source_json":{"references":["data.aws_iam_policy_document.ecs_task_access_secrets"]},"statement":[{"actions":{"constant_value":["kms:Decrypt"]},"effect":{"constant_value":"Allow"},"resources":{"references":["var.ssm_kms_key_arn"]},"sid":{"constant_value":"AllowKMSDecrypt"}}]},"schema_version":0,"count_expression":{"references":["var.ssm_kms_key_arn"]},"raw_data":{"FileName":".terraform/modules/atlantis/main.tf","StartLine":414,"EndLine":425}},{"address":"data.aws_iam_policy_document.ecs_tasks","mode":"data","type":"aws_iam_policy_document","name":"ecs_tasks","provider_config_key":"atlantis:aws","expressions":{"statement":[{"actions":{"constant_value":["sts:AssumeRole"]},"effect":{"constant_value":"Allow"},"principals":[{"identifiers":{"references":["var.trusted_principals"]},"type":{"constant_value":"Service"}}]}]},"schema_version":0,"raw_data":{"FileName":".terraform/modules/atlantis/main.tf","StartLine":366,"EndLine":379}},{"address":"data.aws_region.current","mode":"data","type":"aws_region","name":"current","provider_config_key":"atlantis:aws","schema_version":0,"raw_data":{"FileName":".terraform/modules/atlantis/main.tf","StartLine":104,"EndLine":104}},{"address":"data.aws_route53_zone.this","mode":"data","type":"aws_route53_zone","name":"this","provider_config_key":"atlantis:aws","expressions":{"name":{"references":["var.route53_zone_name"]},"private_zone":{"constant_value":false}},"schema_version":0,"count_expression":{"references":["var.create_route53_record"]},"raw_data":{"FileName":".terraform/modules/atlantis/main.tf","StartLine":106,"EndLine":111}}],"module_calls":{"acm":{"source":"terraform-aws-modules/acm/aws","expressions":{"create_certificate":{"references":["var.certificate_arn"]},"domain_name":{"references":["var.acm_certificate_domain_name","var.name","var.route53_zone_name","var.acm_certificate_domain_name"]},"tags":{"references":["local.tags"]},"zone_id":{"references":["var.certificate_arn","data.aws_route53_zone.this"]}},"module":{"outputs":{"distinct_domain_names":{"expression":{"references":["local.distinct_domain_names"]},"description":"List of distinct domains names used for the validation."},"this_acm_certificate_arn":{"expression":{"references":["aws_acm_certificate_validation.this","aws_acm_certificate.this"]},"description":"The ARN of the certificate"},"this_acm_certificate_domain_validation_options":{"expression":{"references":["aws_acm_certificate.this"]},"description":"A list of attributes to feed into other resources to complete certificate validation. Can have more than one element, e.g. if SANs are defined. Only set if DNS-validation was used."},"this_acm_certificate_validation_emails":{"expression":{"references":["aws_acm_certificate.this"]},"description":"A list of addresses that received a validation E-Mail. Only set if EMAIL-validation was used."},"validation_domains":{"expression":{"references":["local.validation_domains"]},"description":"List of distinct domain validation options. This is useful if subject alternative names contain wildcards."},"validation_route53_record_fqdns":{"expression":{"references":["aws_route53_record.validation"]},"description":"List of FQDNs built using the zone domain and name."}},"resources":[{"address":"aws_acm_certificate.this","mode":"managed","type":"aws_acm_certificate","name":"this","provider_config_key":"acm:aws","expressions":{"domain_name":{"references":["var.domain_name"]},"options":[{"certificate_transparency_logging_preference":{"references":["var.certificate_transparency_logging_preference"]}}],"subject_alternative_names":{"references":["var.subject_alternative_names"]},"tags":{"references":["var.tags"]},"validation_method":{"references":["var.validation_method"]}},"schema_version":0,"count_expression":{"references":["var.create_certificate"]},"raw_data":{"FileName":".terraform/modules/atlantis.acm/main.tf","StartLine":9,"EndLine":25}},{"address":"aws_acm_certificate_validation.this","mode":"managed","type":"aws_acm_certificate_validation","name":"this","provider_config_key":"acm:aws","expressions":{"certificate_arn":{"references":["aws_acm_certificate.this[0]"]},"validation_record_fqdns":{"references":["aws_route53_record.validation"]}},"schema_version":0,"count_expression":{"references":["var.create_certificate","var.validation_method","var.validate_certificate","var.wait_for_validation"]},"raw_data":{"FileName":".terraform/modules/atlantis.acm/main.tf","StartLine":44,"EndLine":50}},{"address":"aws_route53_record.validation","mode":"managed","type":"aws_route53_record","name":"validation","provider_config_key":"acm:aws","expressions":{"allow_overwrite":{"references":["var.validation_allow_overwrite_records"]},"name":{"references":["local.validation_domains","count.index"]},"records":{"references":["local.validation_domains","count.index"]},"ttl":{"references":["var.dns_ttl"]},"type":{"references":["local.validation_domains","count.index"]},"zone_id":{"references":["var.zone_id"]}},"schema_version":2,"count_expression":{"references":["var.create_certificate","var.validation_method","var.validate_certificate","local.distinct_domain_names"]},"depends_on":["aws_acm_certificate.this"],"raw_data":{"FileName":".terraform/modules/atlantis.acm/main.tf","StartLine":27,"EndLine":42}}],"variables":{"certificate_transparency_logging_preference":{"default":true,"description":"Specifies whether certificate details should be added to a certificate transparency log"},"create_certificate":{"default":true,"description":"Whether to create ACM certificate"},"dns_ttl":{"default":60,"description":"The TTL of DNS recursive resolvers to cache information about this record."},"domain_name":{"default":"","description":"A domain name for which the certificate should be issued"},"subject_alternative_names":{"default":[],"description":"A list of domains that should be SANs in the issued certificate"},"tags":{"default":{},"description":"A mapping of tags to assign to the resource"},"validate_certificate":{"default":true,"description":"Whether to validate certificate by creating Route53 record"},"validation_allow_overwrite_records":{"default":true,"description":"Whether to allow overwrite of Route53 records"},"validation_method":{"default":"DNS","description":"Which method to use for validation. DNS or EMAIL are valid, NONE can be used for certificates that were imported into ACM and then into Terraform."},"wait_for_validation":{"default":true,"description":"Whether to wait for the validation to complete"},"zone_id":{"default":"","description":"The ID of the hosted zone to contain this record."}}},"version_constraint":"v2.12.0","raw_data":{"FileName":".terraform/modules/atlantis/main.tf","StartLine":317,"EndLine":328}},"alb":{"source":"terraform-aws-modules/alb/aws","expressions":{"access_logs":{"references":["var.alb_logging_enabled","var.alb_log_bucket_name","var.alb_log_location_prefix"]},"http_tcp_listeners":{"constant_value":[{"action_type":"redirect","port":80,"protocol":"HTTP","redirect":{"port":443,"protocol":"HTTPS","status_code":"HTTP_301"}}]},"https_listeners":{"references":["var.certificate_arn","module.acm.this_acm_certificate_arn","var.certificate_arn","local.alb_authenication_method","var.alb_authenticate_oidc","var.alb_authenticate_cognito"]},"internal":{"references":["var.internal"]},"listener_ssl_policy_default":{"references":["var.alb_listener_ssl_policy_default"]},"name":{"references":["var.name"]},"security_groups":{"references":["module.alb_https_sg.this_security_group_id","module.alb_http_sg.this_security_group_id","var.security_group_ids"]},"subnets":{"references":["local.public_subnet_ids"]},"tags":{"references":["local.tags"]},"target_groups":{"references":["var.name","var.atlantis_port"]},"vpc_id":{"references":["local.vpc_id"]}},"module":{"outputs":{"http_tcp_listener_arns":{"expression":{"references":["aws_lb_listener.frontend_http_tcp"]},"description":"The ARN of the TCP and HTTP load balancer listeners created."},"http_tcp_listener_ids":{"expression":{"references":["aws_lb_listener.frontend_http_tcp"]},"description":"The IDs of the TCP and HTTP load balancer listeners created."},"https_listener_arns":{"expression":{"references":["aws_lb_listener.frontend_https"]},"description":"The ARNs of the HTTPS load balancer listeners created."},"https_listener_ids":{"expression":{"references":["aws_lb_listener.frontend_https"]},"description":"The IDs of the load balancer listeners created."},"target_group_arn_suffixes":{"expression":{"references":["aws_lb_target_group.main"]},"description":"ARN suffixes of our target groups - can be used with CloudWatch."},"target_group_arns":{"expression":{"references":["aws_lb_target_group.main"]},"description":"ARNs of the target groups. Useful for passing to your Auto Scaling group."},"target_group_names":{"expression":{"references":["aws_lb_target_group.main"]},"description":"Name of the target group. Useful for passing to your CodeDeploy Deployment Group."},"this_lb_arn":{"expression":{"references":["aws_lb.this"]},"description":"The ID and ARN of the load balancer we created."},"this_lb_arn_suffix":{"expression":{"references":["aws_lb.this"]},"description":"ARN suffix of our load balancer - can be used with CloudWatch."},"this_lb_dns_name":{"expression":{"references":["aws_lb.this"]},"description":"The DNS name of the load balancer."},"this_lb_id":{"expression":{"references":["aws_lb.this"]},"description":"The ID and ARN of the load balancer we created."},"this_lb_zone_id":{"expression":{"references":["aws_lb.this"]},"description":"The zone_id of the load balancer to assist with creating DNS records."}},"resources":[{"address":"aws_lb.this","mode":"managed","type":"aws_lb","name":"this","provider_config_key":"alb:aws","expressions":{"drop_invalid_header_fields":{"references":["var.drop_invalid_header_fields"]},"enable_cross_zone_load_balancing":{"references":["var.enable_cross_zone_load_balancing"]},"enable_deletion_protection":{"references":["var.enable_deletion_protection"]},"enable_http2":{"references":["var.enable_http2"]},"idle_timeout":{"references":["var.idle_timeout"]},"internal":{"references":["var.internal"]},"ip_address_type":{"references":["var.ip_address_type"]},"load_balancer_type":{"references":["var.load_balancer_type"]},"name":{"references":["var.name"]},"name_prefix":{"references":["var.name_prefix"]},"security_groups":{"references":["var.security_groups"]},"subnets":{"references":["var.subnets"]},"tags":{"references":["var.tags","var.lb_tags","var.name","var.name","var.name_prefix"]},"timeouts":{"create":{"references":["var.load_balancer_create_timeout"]},"delete":{"references":["var.load_balancer_delete_timeout"]},"update":{"references":["var.load_balancer_update_timeout"]}}},"schema_version":0,"count_expression":{"references":["var.create_lb"]},"raw_data":{"FileName":".terraform/modules/atlantis.alb/main.tf","StartLine":1,"EndLine":52}},{"address":"aws_lb_listener.frontend_http_tcp","mode":"managed","type":"aws_lb_listener","name":"frontend_http_tcp","provider_config_key":"alb:aws","expressions":{"load_balancer_arn":{"references":["aws_lb.this[0]"]},"port":{"references":["var.http_tcp_listeners","count.index"]},"protocol":{"references":["var.http_tcp_listeners","count.index"]}},"schema_version":0,"count_expression":{"references":["var.create_lb","var.http_tcp_listeners"]},"raw_data":{"FileName":".terraform/modules/atlantis.alb/main.tf","StartLine":324,"EndLine":364}},{"address":"aws_lb_listener.frontend_https","mode":"managed","type":"aws_lb_listener","name":"frontend_https","provider_config_key":"alb:aws","expressions":{"certificate_arn":{"references":["var.https_listeners","count.index"]},"load_balancer_arn":{"references":["aws_lb.this[0]"]},"port":{"references":["var.https_listeners","count.index"]},"protocol":{"references":["var.https_listeners","count.index"]},"ssl_policy":{"references":["var.https_listeners","count.index","var.listener_ssl_policy_default"]}},"schema_version":0,"count_expression":{"references":["var.create_lb","var.https_listeners"]},"raw_data":{"FileName":".terraform/modules/atlantis.alb/main.tf","StartLine":366,"EndLine":452}},{"address":"aws_lb_listener_certificate.https_listener","mode":"managed","type":"aws_lb_listener_certificate","name":"https_listener","provider_config_key":"alb:aws","expressions":{"certificate_arn":{"references":["var.extra_ssl_certs","count.index"]},"listener_arn":{"references":["aws_lb_listener.frontend_https","var.extra_ssl_certs","count.index"]}},"schema_version":0,"count_expression":{"references":["var.create_lb","var.extra_ssl_certs"]},"raw_data":{"FileName":".terraform/modules/atlantis.alb/main.tf","StartLine":454,"EndLine":459}},{"address":"aws_lb_listener_rule.https_listener_rule","mode":"managed","type":"aws_lb_listener_rule","name":"https_listener_rule","provider_config_key":"alb:aws","expressions":{"listener_arn":{"references":["aws_lb_listener.frontend_https","var.https_listener_rules","count.index","count.index"]},"priority":{"references":["var.https_listener_rules","count.index"]}},"schema_version":0,"count_expression":{"references":["var.create_lb","var.https_listener_rules"]},"raw_data":{"FileName":".terraform/modules/atlantis.alb/main.tf","StartLine":113,"EndLine":321}},{"address":"aws_lb_target_group.main","mode":"managed","type":"aws_lb_target_group","name":"main","provider_config_key":"alb:aws","expressions":{"deregistration_delay":{"references":["var.target_groups","count.index"]},"lambda_multi_value_headers_enabled":{"references":["var.target_groups","count.index"]},"load_balancing_algorithm_type":{"references":["var.target_groups","count.index"]},"name":{"references":["var.target_groups","count.index"]},"name_prefix":{"references":["var.target_groups","count.index"]},"port":{"references":["var.target_groups","count.index"]},"protocol":{"references":["var.target_groups","count.index","var.target_groups","count.index"]},"proxy_protocol_v2":{"references":["var.target_groups","count.index"]},"slow_start":{"references":["var.target_groups","count.index"]},"tags":{"references":["var.tags","var.target_group_tags","var.target_groups","count.index","var.target_groups","count.index","var.target_groups","count.index"]},"target_type":{"references":["var.target_groups","count.index"]},"vpc_id":{"references":["var.vpc_id"]}},"schema_version":0,"count_expression":{"references":["var.create_lb","var.target_groups"]},"depends_on":["aws_lb.this"],"raw_data":{"FileName":".terraform/modules/atlantis.alb/main.tf","StartLine":54,"EndLine":111}}],"variables":{"access_logs":{"default":{},"description":"Map containing access logging configuration for load balancer."},"create_lb":{"default":true,"description":"Controls if the Load Balancer should be created"},"drop_invalid_header_fields":{"default":false,"description":"Indicates whether invalid header fields are dropped in application load balancers. Defaults to false."},"enable_cross_zone_load_balancing":{"default":false,"description":"Indicates whether cross zone load balancing should be enabled in application load balancers."},"enable_deletion_protection":{"default":false,"description":"If true, deletion of the load balancer will be disabled via the AWS API. This will prevent Terraform from deleting the load balancer. Defaults to false."},"enable_http2":{"default":true,"description":"Indicates whether HTTP/2 is enabled in application load balancers."},"extra_ssl_certs":{"default":[],"description":"A list of maps describing any extra SSL certificates to apply to the HTTPS listeners. Required key/values: certificate_arn, https_listener_index (the index of the listener within https_listeners which the cert applies toward)."},"http_tcp_listeners":{"default":[],"description":"A list of maps describing the HTTP listeners or TCP ports for this ALB. Required key/values: port, protocol. Optional key/values: target_group_index (defaults to http_tcp_listeners[count.index])"},"https_listener_rules":{"default":[],"description":"A list of maps describing the Listener Rules for this ALB. Required key/values: actions, conditions. Optional key/values: priority, https_listener_index (default to https_listeners[count.index])"},"https_listeners":{"default":[],"description":"A list of maps describing the HTTPS listeners for this ALB. Required key/values: port, certificate_arn. Optional key/values: ssl_policy (defaults to ELBSecurityPolicy-2016-08), target_group_index (defaults to https_listeners[count.index])"},"idle_timeout":{"default":60,"description":"The time in seconds that the connection is allowed to be idle."},"internal":{"default":false,"description":"Boolean determining if the load balancer is internal or externally facing."},"ip_address_type":{"default":"ipv4","description":"The type of IP addresses used by the subnets for your load balancer. The possible values are ipv4 and dualstack."},"lb_tags":{"default":{},"description":"A map of tags to add to load balancer"},"listener_ssl_policy_default":{"default":"ELBSecurityPolicy-2016-08","description":"The security policy if using HTTPS externally on the load balancer. [See](https://docs.aws.amazon.com/elasticloadbalancing/latest/classic/elb-security-policy-table.html)."},"load_balancer_create_timeout":{"default":"10m","description":"Timeout value when creating the ALB."},"load_balancer_delete_timeout":{"default":"10m","description":"Timeout value when deleting the ALB."},"load_balancer_type":{"default":"application","description":"The type of load balancer to create. Possible values are application or network."},"load_balancer_update_timeout":{"default":"10m","description":"Timeout value when updating the ALB."},"name":{"default":null,"description":"The resource name and Name tag of the load balancer."},"name_prefix":{"default":null,"description":"The resource name prefix and Name tag of the load balancer. Cannot be longer than 6 characters"},"security_groups":{"default":[],"description":"The security groups to attach to the load balancer. e.g. [\"sg-edcd9784\",\"sg-edcd9785\"]"},"subnet_mapping":{"default":[],"description":"A list of subnet mapping blocks describing subnets to attach to network load balancer"},"subnets":{"default":null,"description":"A list of subnets to associate with the load balancer. e.g. ['subnet-1a2b3c4d','subnet-1a2b3c4e','subnet-1a2b3c4f']"},"tags":{"default":{},"description":"A map of tags to add to all resources"},"target_group_tags":{"default":{},"description":"A map of tags to add to all target groups"},"target_groups":{"default":[],"description":"A list of maps containing key/value pairs that define the target groups to be created. Order of these maps is important and the index of these are to be referenced in listener definitions. Required key/values: name, backend_protocol, backend_port"},"vpc_id":{"default":null,"description":"VPC id where the load balancer and other resources will be deployed."}}},"version_constraint":"v5.10.0","raw_data":{"FileName":".terraform/modules/atlantis/main.tf","StartLine":187,"EndLine":241}},"alb_http_sg":{"source":"terraform-aws-modules/security-group/aws//modules/http-80","expressions":{"description":{"constant_value":"Security group with HTTP ports open for specific IPv4 CIDR block (or everybody), egress ports are all world open"},"ingress_cidr_blocks":{"references":["var.allow_github_webhooks","var.github_webhooks_cidr_blocks","var.alb_ingress_cidr_blocks"]},"name":{"references":["var.name"]},"tags":{"references":["local.tags","var.alb_http_security_group_tags"]},"vpc_id":{"references":["local.vpc_id"]}},"module":{"outputs":{"this_security_group_description":{"expression":{"references":["module.sg.this_security_group_description"]},"description":"The description of the security group"},"this_security_group_id":{"expression":{"references":["module.sg.this_security_group_id"]},"description":"The ID of the security group"},"this_security_group_name":{"expression":{"references":["module.sg.this_security_group_name"]},"description":"The name of the security group"},"this_security_group_owner_id":{"expression":{"references":["module.sg.this_security_group_owner_id"]},"description":"The owner ID"},"this_security_group_vpc_id":{"expression":{"references":["module.sg.this_security_group_vpc_id"]},"description":"The VPC ID"}},"module_calls":{"sg":{"source":"../../","expressions":{"computed_egress_rules":{"references":["var.auto_computed_egress_rules","var.computed_egress_rules"]},"computed_egress_with_cidr_blocks":{"references":["var.computed_egress_with_cidr_blocks"]},"computed_egress_with_ipv6_cidr_blocks":{"references":["var.computed_egress_with_ipv6_cidr_blocks"]},"computed_egress_with_self":{"references":["var.auto_computed_egress_with_self","var.computed_egress_with_self"]},"computed_egress_with_source_security_group_id":{"references":["var.computed_egress_with_source_security_group_id"]},"computed_ingress_rules":{"references":["var.auto_computed_ingress_rules","var.computed_ingress_rules"]},"computed_ingress_with_cidr_blocks":{"references":["var.computed_ingress_with_cidr_blocks"]},"computed_ingress_with_ipv6_cidr_blocks":{"references":["var.computed_ingress_with_ipv6_cidr_blocks"]},"computed_ingress_with_self":{"references":["var.auto_computed_ingress_with_self","var.computed_ingress_with_self"]},"computed_ingress_with_source_security_group_id":{"references":["var.computed_ingress_with_source_security_group_id"]},"create":{"references":["var.create"]},"description":{"references":["var.description"]},"egress_cidr_blocks":{"references":["var.egress_cidr_blocks"]},"egress_ipv6_cidr_blocks":{"references":["var.egress_ipv6_cidr_blocks"]},"egress_prefix_list_ids":{"references":["var.egress_prefix_list_ids"]},"egress_rules":{"references":["var.auto_egress_rules","var.egress_rules"]},"egress_with_cidr_blocks":{"references":["var.egress_with_cidr_blocks"]},"egress_with_ipv6_cidr_blocks":{"references":["var.egress_with_ipv6_cidr_blocks"]},"egress_with_self":{"references":["var.auto_egress_with_self","var.egress_with_self"]},"egress_with_source_security_group_id":{"references":["var.egress_with_source_security_group_id"]},"ingress_cidr_blocks":{"references":["var.ingress_cidr_blocks"]},"ingress_ipv6_cidr_blocks":{"references":["var.ingress_ipv6_cidr_blocks"]},"ingress_prefix_list_ids":{"references":["var.ingress_prefix_list_ids"]},"ingress_rules":{"references":["var.auto_ingress_rules","var.ingress_rules"]},"ingress_with_cidr_blocks":{"references":["var.ingress_with_cidr_blocks"]},"ingress_with_ipv6_cidr_blocks":{"references":["var.ingress_with_ipv6_cidr_blocks"]},"ingress_with_self":{"references":["var.auto_ingress_with_self","var.ingress_with_self"]},"ingress_with_source_security_group_id":{"references":["var.ingress_with_source_security_group_id"]},"name":{"references":["var.name"]},"number_of_computed_egress_rules":{"references":["var.auto_number_of_computed_egress_rules","var.number_of_computed_egress_rules"]},"number_of_computed_egress_with_cidr_blocks":{"references":["var.number_of_computed_egress_with_cidr_blocks"]},"number_of_computed_egress_with_ipv6_cidr_blocks":{"references":["var.number_of_computed_egress_with_ipv6_cidr_blocks"]},"number_of_computed_egress_with_self":{"references":["var.auto_number_of_computed_egress_with_self","var.number_of_computed_egress_with_self"]},"number_of_computed_egress_with_source_security_group_id":{"references":["var.number_of_computed_egress_with_source_security_group_id"]},"number_of_computed_ingress_rules":{"references":["var.auto_number_of_computed_ingress_rules","var.number_of_computed_ingress_rules"]},"number_of_computed_ingress_with_cidr_blocks":{"references":["var.number_of_computed_ingress_with_cidr_blocks"]},"number_of_computed_ingress_with_ipv6_cidr_blocks":{"references":["var.number_of_computed_ingress_with_ipv6_cidr_blocks"]},"number_of_computed_ingress_with_self":{"references":["var.auto_number_of_computed_ingress_with_self","var.number_of_computed_ingress_with_self"]},"number_of_computed_ingress_with_source_security_group_id":{"references":["var.number_of_computed_ingress_with_source_security_group_id"]},"revoke_rules_on_delete":{"references":["var.revoke_rules_on_delete"]},"tags":{"references":["var.tags"]},"use_name_prefix":{"references":["var.use_name_prefix"]},"vpc_id":{"references":["var.vpc_id"]}},"module":{"outputs":{"this_security_group_description":{"expression":{"references":["aws_security_group.this","aws_security_group.this_name_prefix"]},"description":"The description of the security group"},"this_security_group_id":{"expression":{"references":["aws_security_group.this","aws_security_group.this_name_prefix"]},"description":"The ID of the security group"},"this_security_group_name":{"expression":{"references":["aws_security_group.this","aws_security_group.this_name_prefix"]},"description":"The name of the security group"},"this_security_group_owner_id":{"expression":{"references":["aws_security_group.this","aws_security_group.this_name_prefix"]},"description":"The owner ID"},"this_security_group_vpc_id":{"expression":{"references":["aws_security_group.this","aws_security_group.this_name_prefix"]},"description":"The VPC ID"}},"resources":[{"address":"aws_security_group.this","mode":"managed","type":"aws_security_group","name":"this","provider_config_key":"sg:aws","expressions":{"description":{"references":["var.description"]},"name":{"references":["var.name"]},"revoke_rules_on_delete":{"references":["var.revoke_rules_on_delete"]},"tags":{"references":["var.name","var.tags"]},"vpc_id":{"references":["var.vpc_id"]}},"schema_version":1,"count_expression":{"references":["var.create","var.use_name_prefix"]},"raw_data":{"FileName":".terraform/modules/atlantis.alb_http_sg/main.tf","StartLine":15,"EndLine":29}},{"address":"aws_security_group.this_name_prefix","mode":"managed","type":"aws_security_group","name":"this_name_prefix","provider_config_key":"sg:aws","expressions":{"description":{"references":["var.description"]},"name_prefix":{"references":["var.name"]},"revoke_rules_on_delete":{"references":["var.revoke_rules_on_delete"]},"tags":{"references":["var.name","var.tags"]},"vpc_id":{"references":["var.vpc_id"]}},"schema_version":1,"count_expression":{"references":["var.create","var.use_name_prefix"]},"raw_data":{"FileName":".terraform/modules/atlantis.alb_http_sg/main.tf","StartLine":34,"EndLine":52}},{"address":"aws_security_group_rule.computed_egress_rules","mode":"managed","type":"aws_security_group_rule","name":"computed_egress_rules","provider_config_key":"sg:aws","expressions":{"cidr_blocks":{"references":["var.egress_cidr_blocks"]},"description":{"references":["var.rules","var.computed_egress_rules","count.index"]},"from_port":{"references":["var.rules","var.computed_egress_rules","count.index"]},"ipv6_cidr_blocks":{"references":["var.egress_ipv6_cidr_blocks"]},"prefix_list_ids":{"references":["var.egress_prefix_list_ids"]},"protocol":{"references":["var.rules","var.computed_egress_rules","count.index"]},"security_group_id":{"references":["local.this_sg_id"]},"to_port":{"references":["var.rules","var.computed_egress_rules","count.index"]},"type":{"constant_value":"egress"}},"schema_version":2,"count_expression":{"references":["var.create","var.number_of_computed_egress_rules"]},"raw_data":{"FileName":".terraform/modules/atlantis.alb_http_sg/main.tf","StartLine":451,"EndLine":465}},{"address":"aws_security_group_rule.computed_egress_with_cidr_blocks","mode":"managed","type":"aws_security_group_rule","name":"computed_egress_with_cidr_blocks","provider_config_key":"sg:aws","expressions":{"cidr_blocks":{"references":["var.computed_egress_with_cidr_blocks","count.index","var.egress_cidr_blocks"]},"description":{"references":["var.computed_egress_with_cidr_blocks","count.index"]},"from_port":{"references":["var.computed_egress_with_cidr_blocks","count.index","var.rules","var.computed_egress_with_cidr_blocks","count.index"]},"prefix_list_ids":{"references":["var.egress_prefix_list_ids"]},"protocol":{"references":["var.computed_egress_with_cidr_blocks","count.index","var.rules","var.computed_egress_with_cidr_blocks","count.index"]},"security_group_id":{"references":["local.this_sg_id"]},"to_port":{"references":["var.computed_egress_with_cidr_blocks","count.index","var.rules","var.computed_egress_with_cidr_blocks","count.index"]},"type":{"constant_value":"egress"}},"schema_version":2,"count_expression":{"references":["var.create","var.number_of_computed_egress_with_cidr_blocks"]},"raw_data":{"FileName":".terraform/modules/atlantis.alb_http_sg/main.tf","StartLine":598,"EndLine":646}},{"address":"aws_security_group_rule.computed_egress_with_ipv6_cidr_blocks","mode":"managed","type":"aws_security_group_rule","name":"computed_egress_with_ipv6_cidr_blocks","provider_config_key":"sg:aws","expressions":{"description":{"references":["var.computed_egress_with_ipv6_cidr_blocks","count.index"]},"from_port":{"references":["var.computed_egress_with_ipv6_cidr_blocks","count.index","var.rules","var.computed_egress_with_ipv6_cidr_blocks","count.index"]},"ipv6_cidr_blocks":{"references":["var.computed_egress_with_ipv6_cidr_blocks","count.index","var.egress_ipv6_cidr_blocks"]},"prefix_list_ids":{"references":["var.egress_prefix_list_ids"]},"protocol":{"references":["var.computed_egress_with_ipv6_cidr_blocks","count.index","var.rules","var.computed_egress_with_ipv6_cidr_blocks","count.index"]},"security_group_id":{"references":["local.this_sg_id"]},"to_port":{"references":["var.computed_egress_with_ipv6_cidr_blocks","count.index","var.rules","var.computed_egress_with_ipv6_cidr_blocks","count.index"]},"type":{"constant_value":"egress"}},"schema_version":2,"count_expression":{"references":["var.create","var.number_of_computed_egress_with_ipv6_cidr_blocks"]},"raw_data":{"FileName":".terraform/modules/atlantis.alb_http_sg/main.tf","StartLine":688,"EndLine":736}},{"address":"aws_security_group_rule.computed_egress_with_self","mode":"managed","type":"aws_security_group_rule","name":"computed_egress_with_self","provider_config_key":"sg:aws","expressions":{"description":{"references":["var.computed_egress_with_self","count.index"]},"from_port":{"references":["var.computed_egress_with_self","count.index","var.rules","var.computed_egress_with_self","count.index"]},"prefix_list_ids":{"references":["var.egress_prefix_list_ids"]},"protocol":{"references":["var.computed_egress_with_self","count.index","var.rules","var.computed_egress_with_self","count.index"]},"security_group_id":{"references":["local.this_sg_id"]},"self":{"references":["var.computed_egress_with_self","count.index"]},"to_port":{"references":["var.computed_egress_with_self","count.index","var.rules","var.computed_egress_with_self","count.index"]},"type":{"constant_value":"egress"}},"schema_version":2,"count_expression":{"references":["var.create","var.number_of_computed_egress_with_self"]},"raw_data":{"FileName":".terraform/modules/atlantis.alb_http_sg/main.tf","StartLine":771,"EndLine":800}},{"address":"aws_security_group_rule.computed_egress_with_source_security_group_id","mode":"managed","type":"aws_security_group_rule","name":"computed_egress_with_source_security_group_id","provider_config_key":"sg:aws","expressions":{"description":{"references":["var.computed_egress_with_source_security_group_id","count.index"]},"from_port":{"references":["var.computed_egress_with_source_security_group_id","count.index","var.rules","var.computed_egress_with_source_security_group_id","count.index"]},"prefix_list_ids":{"references":["var.egress_prefix_list_ids"]},"protocol":{"references":["var.computed_egress_with_source_security_group_id","count.index","var.rules","var.computed_egress_with_source_security_group_id","count.index"]},"security_group_id":{"references":["local.this_sg_id"]},"source_security_group_id":{"references":["var.computed_egress_with_source_security_group_id","count.index"]},"to_port":{"references":["var.computed_egress_with_source_security_group_id","count.index","var.rules","var.computed_egress_with_source_security_group_id","count.index"]},"type":{"constant_value":"egress"}},"schema_version":2,"count_expression":{"references":["var.create","var.number_of_computed_egress_with_source_security_group_id"]},"raw_data":{"FileName":".terraform/modules/atlantis.alb_http_sg/main.tf","StartLine":515,"EndLine":556}},{"address":"aws_security_group_rule.computed_ingress_rules","mode":"managed","type":"aws_security_group_rule","name":"computed_ingress_rules","provider_config_key":"sg:aws","expressions":{"cidr_blocks":{"references":["var.ingress_cidr_blocks"]},"description":{"references":["var.rules","var.computed_ingress_rules","count.index"]},"from_port":{"references":["var.rules","var.computed_ingress_rules","count.index"]},"ipv6_cidr_blocks":{"references":["var.ingress_ipv6_cidr_blocks"]},"prefix_list_ids":{"references":["var.ingress_prefix_list_ids"]},"protocol":{"references":["var.rules","var.computed_ingress_rules","count.index"]},"security_group_id":{"references":["local.this_sg_id"]},"to_port":{"references":["var.rules","var.computed_ingress_rules","count.index"]},"type":{"constant_value":"ingress"}},"schema_version":2,"count_expression":{"references":["var.create","var.number_of_computed_ingress_rules"]},"raw_data":{"FileName":".terraform/modules/atlantis.alb_http_sg/main.tf","StartLine":75,"EndLine":89}},{"address":"aws_security_group_rule.computed_ingress_with_cidr_blocks","mode":"managed","type":"aws_security_group_rule","name":"computed_ingress_with_cidr_blocks","provider_config_key":"sg:aws","expressions":{"cidr_blocks":{"references":["var.computed_ingress_with_cidr_blocks","count.index","var.ingress_cidr_blocks"]},"description":{"references":["var.computed_ingress_with_cidr_blocks","count.index"]},"from_port":{"references":["var.computed_ingress_with_cidr_blocks","count.index","var.rules","var.computed_ingress_with_cidr_blocks","count.index"]},"prefix_list_ids":{"references":["var.ingress_prefix_list_ids"]},"protocol":{"references":["var.computed_ingress_with_cidr_blocks","count.index","var.rules","var.computed_ingress_with_cidr_blocks","count.index"]},"security_group_id":{"references":["local.this_sg_id"]},"to_port":{"references":["var.computed_ingress_with_cidr_blocks","count.index","var.rules","var.computed_ingress_with_cidr_blocks","count.index"]},"type":{"constant_value":"ingress"}},"schema_version":2,"count_expression":{"references":["var.create","var.number_of_computed_ingress_with_cidr_blocks"]},"raw_data":{"FileName":".terraform/modules/atlantis.alb_http_sg/main.tf","StartLine":222,"EndLine":270}},{"address":"aws_security_group_rule.computed_ingress_with_ipv6_cidr_blocks","mode":"managed","type":"aws_security_group_rule","name":"computed_ingress_with_ipv6_cidr_blocks","provider_config_key":"sg:aws","expressions":{"description":{"references":["var.computed_ingress_with_ipv6_cidr_blocks","count.index"]},"from_port":{"references":["var.computed_ingress_with_ipv6_cidr_blocks","count.index","var.rules","var.computed_ingress_with_ipv6_cidr_blocks","count.index"]},"ipv6_cidr_blocks":{"references":["var.computed_ingress_with_ipv6_cidr_blocks","count.index","var.ingress_ipv6_cidr_blocks"]},"prefix_list_ids":{"references":["var.ingress_prefix_list_ids"]},"protocol":{"references":["var.computed_ingress_with_ipv6_cidr_blocks","count.index","var.rules","var.computed_ingress_with_ipv6_cidr_blocks","count.index"]},"security_group_id":{"references":["local.this_sg_id"]},"to_port":{"references":["var.computed_ingress_with_ipv6_cidr_blocks","count.index","var.rules","var.computed_ingress_with_ipv6_cidr_blocks","count.index"]},"type":{"constant_value":"ingress"}},"schema_version":2,"count_expression":{"references":["var.create","var.number_of_computed_ingress_with_ipv6_cidr_blocks"]},"raw_data":{"FileName":".terraform/modules/atlantis.alb_http_sg/main.tf","StartLine":312,"EndLine":360}},{"address":"aws_security_group_rule.computed_ingress_with_self","mode":"managed","type":"aws_security_group_rule","name":"computed_ingress_with_self","provider_config_key":"sg:aws","expressions":{"description":{"references":["var.computed_ingress_with_self","count.index"]},"from_port":{"references":["var.computed_ingress_with_self","count.index","var.rules","var.computed_ingress_with_self","count.index"]},"prefix_list_ids":{"references":["var.ingress_prefix_list_ids"]},"protocol":{"references":["var.computed_ingress_with_self","count.index","var.rules","var.computed_ingress_with_self","count.index"]},"security_group_id":{"references":["local.this_sg_id"]},"self":{"references":["var.computed_ingress_with_self","count.index"]},"to_port":{"references":["var.computed_ingress_with_self","count.index","var.rules","var.computed_ingress_with_self","count.index"]},"type":{"constant_value":"ingress"}},"schema_version":2,"count_expression":{"references":["var.create","var.number_of_computed_ingress_with_self"]},"raw_data":{"FileName":".terraform/modules/atlantis.alb_http_sg/main.tf","StartLine":395,"EndLine":424}},{"address":"aws_security_group_rule.computed_ingress_with_source_security_group_id","mode":"managed","type":"aws_security_group_rule","name":"computed_ingress_with_source_security_group_id","provider_config_key":"sg:aws","expressions":{"description":{"references":["var.computed_ingress_with_source_security_group_id","count.index"]},"from_port":{"references":["var.computed_ingress_with_source_security_group_id","count.index","var.rules","var.computed_ingress_with_source_security_group_id","count.index"]},"prefix_list_ids":{"references":["var.ingress_prefix_list_ids"]},"protocol":{"references":["var.computed_ingress_with_source_security_group_id","count.index","var.rules","var.computed_ingress_with_source_security_group_id","count.index"]},"security_group_id":{"references":["local.this_sg_id"]},"source_security_group_id":{"references":["var.computed_ingress_with_source_security_group_id","count.index"]},"to_port":{"references":["var.computed_ingress_with_source_security_group_id","count.index","var.rules","var.computed_ingress_with_source_security_group_id","count.index"]},"type":{"constant_value":"ingress"}},"schema_version":2,"count_expression":{"references":["var.create","var.number_of_computed_ingress_with_source_security_group_id"]},"raw_data":{"FileName":".terraform/modules/atlantis.alb_http_sg/main.tf","StartLine":139,"EndLine":180}},{"address":"aws_security_group_rule.egress_rules","mode":"managed","type":"aws_security_group_rule","name":"egress_rules","provider_config_key":"sg:aws","expressions":{"cidr_blocks":{"references":["var.egress_cidr_blocks"]},"description":{"references":["var.rules","var.egress_rules","count.index"]},"from_port":{"references":["var.rules","var.egress_rules","count.index"]},"ipv6_cidr_blocks":{"references":["var.egress_ipv6_cidr_blocks"]},"prefix_list_ids":{"references":["var.egress_prefix_list_ids"]},"protocol":{"references":["var.rules","var.egress_rules","count.index"]},"security_group_id":{"references":["local.this_sg_id"]},"to_port":{"references":["var.rules","var.egress_rules","count.index"]},"type":{"constant_value":"egress"}},"schema_version":2,"count_expression":{"references":["var.create","var.egress_rules"]},"raw_data":{"FileName":".terraform/modules/atlantis.alb_http_sg/main.tf","StartLine":434,"EndLine":448}},{"address":"aws_security_group_rule.egress_with_cidr_blocks","mode":"managed","type":"aws_security_group_rule","name":"egress_with_cidr_blocks","provider_config_key":"sg:aws","expressions":{"cidr_blocks":{"references":["var.egress_with_cidr_blocks","count.index","var.egress_cidr_blocks"]},"description":{"references":["var.egress_with_cidr_blocks","count.index"]},"from_port":{"references":["var.egress_with_cidr_blocks","count.index","var.rules","var.egress_with_cidr_blocks","count.index"]},"prefix_list_ids":{"references":["var.egress_prefix_list_ids"]},"protocol":{"references":["var.egress_with_cidr_blocks","count.index","var.rules","var.egress_with_cidr_blocks","count.index"]},"security_group_id":{"references":["local.this_sg_id"]},"to_port":{"references":["var.egress_with_cidr_blocks","count.index","var.rules","var.egress_with_cidr_blocks","count.index"]},"type":{"constant_value":"egress"}},"schema_version":2,"count_expression":{"references":["var.create","var.egress_with_cidr_blocks"]},"raw_data":{"FileName":".terraform/modules/atlantis.alb_http_sg/main.tf","StartLine":559,"EndLine":595}},{"address":"aws_security_group_rule.egress_with_ipv6_cidr_blocks","mode":"managed","type":"aws_security_group_rule","name":"egress_with_ipv6_cidr_blocks","provider_config_key":"sg:aws","expressions":{"description":{"references":["var.egress_with_ipv6_cidr_blocks","count.index"]},"from_port":{"references":["var.egress_with_ipv6_cidr_blocks","count.index","var.rules","var.egress_with_ipv6_cidr_blocks","count.index"]},"ipv6_cidr_blocks":{"references":["var.egress_with_ipv6_cidr_blocks","count.index","var.egress_ipv6_cidr_blocks"]},"prefix_list_ids":{"references":["var.egress_prefix_list_ids"]},"protocol":{"references":["var.egress_with_ipv6_cidr_blocks","count.index","var.rules","var.egress_with_ipv6_cidr_blocks","count.index"]},"security_group_id":{"references":["local.this_sg_id"]},"to_port":{"references":["var.egress_with_ipv6_cidr_blocks","count.index","var.rules","var.egress_with_ipv6_cidr_blocks","count.index"]},"type":{"constant_value":"egress"}},"schema_version":2,"count_expression":{"references":["var.create","var.egress_with_ipv6_cidr_blocks"]},"raw_data":{"FileName":".terraform/modules/atlantis.alb_http_sg/main.tf","StartLine":649,"EndLine":685}},{"address":"aws_security_group_rule.egress_with_self","mode":"managed","type":"aws_security_group_rule","name":"egress_with_self","provider_config_key":"sg:aws","expressions":{"description":{"references":["var.egress_with_self","count.index"]},"from_port":{"references":["var.egress_with_self","count.index","var.rules","var.egress_with_self","count.index"]},"prefix_list_ids":{"references":["var.egress_prefix_list_ids"]},"protocol":{"references":["var.egress_with_self","count.index","var.rules","var.egress_with_self","count.index"]},"security_group_id":{"references":["local.this_sg_id"]},"self":{"references":["var.egress_with_self","count.index"]},"to_port":{"references":["var.egress_with_self","count.index","var.rules","var.egress_with_self","count.index"]},"type":{"constant_value":"egress"}},"schema_version":2,"count_expression":{"references":["var.create","var.egress_with_self"]},"raw_data":{"FileName":".terraform/modules/atlantis.alb_http_sg/main.tf","StartLine":739,"EndLine":768}},{"address":"aws_security_group_rule.egress_with_source_security_group_id","mode":"managed","type":"aws_security_group_rule","name":"egress_with_source_security_group_id","provider_config_key":"sg:aws","expressions":{"description":{"references":["var.egress_with_source_security_group_id","count.index"]},"from_port":{"references":["var.egress_with_source_security_group_id","count.index","var.rules","var.egress_with_source_security_group_id","count.index"]},"prefix_list_ids":{"references":["var.egress_prefix_list_ids"]},"protocol":{"references":["var.egress_with_source_security_group_id","count.index","var.rules","var.egress_with_source_security_group_id","count.index"]},"security_group_id":{"references":["local.this_sg_id"]},"source_security_group_id":{"references":["var.egress_with_source_security_group_id","count.index"]},"to_port":{"references":["var.egress_with_source_security_group_id","count.index","var.rules","var.egress_with_source_security_group_id","count.index"]},"type":{"constant_value":"egress"}},"schema_version":2,"count_expression":{"references":["var.create","var.egress_with_source_security_group_id"]},"raw_data":{"FileName":".terraform/modules/atlantis.alb_http_sg/main.tf","StartLine":471,"EndLine":512}},{"address":"aws_security_group_rule.ingress_rules","mode":"managed","type":"aws_security_group_rule","name":"ingress_rules","provider_config_key":"sg:aws","expressions":{"cidr_blocks":{"references":["var.ingress_cidr_blocks"]},"description":{"references":["var.rules","var.ingress_rules","count.index"]},"from_port":{"references":["var.rules","var.ingress_rules","count.index"]},"ipv6_cidr_blocks":{"references":["var.ingress_ipv6_cidr_blocks"]},"prefix_list_ids":{"references":["var.ingress_prefix_list_ids"]},"protocol":{"references":["var.rules","var.ingress_rules","count.index"]},"security_group_id":{"references":["local.this_sg_id"]},"to_port":{"references":["var.rules","var.ingress_rules","count.index"]},"type":{"constant_value":"ingress"}},"schema_version":2,"count_expression":{"references":["var.create","var.ingress_rules"]},"raw_data":{"FileName":".terraform/modules/atlantis.alb_http_sg/main.tf","StartLine":58,"EndLine":72}},{"address":"aws_security_group_rule.ingress_with_cidr_blocks","mode":"managed","type":"aws_security_group_rule","name":"ingress_with_cidr_blocks","provider_config_key":"sg:aws","expressions":{"cidr_blocks":{"references":["var.ingress_with_cidr_blocks","count.index","var.ingress_cidr_blocks"]},"description":{"references":["var.ingress_with_cidr_blocks","count.index"]},"from_port":{"references":["var.ingress_with_cidr_blocks","count.index","var.rules","var.ingress_with_cidr_blocks","count.index"]},"prefix_list_ids":{"references":["var.ingress_prefix_list_ids"]},"protocol":{"references":["var.ingress_with_cidr_blocks","count.index","var.rules","var.ingress_with_cidr_blocks","count.index"]},"security_group_id":{"references":["local.this_sg_id"]},"to_port":{"references":["var.ingress_with_cidr_blocks","count.index","var.rules","var.ingress_with_cidr_blocks","count.index"]},"type":{"constant_value":"ingress"}},"schema_version":2,"count_expression":{"references":["var.create","var.ingress_with_cidr_blocks"]},"raw_data":{"FileName":".terraform/modules/atlantis.alb_http_sg/main.tf","StartLine":183,"EndLine":219}},{"address":"aws_security_group_rule.ingress_with_ipv6_cidr_blocks","mode":"managed","type":"aws_security_group_rule","name":"ingress_with_ipv6_cidr_blocks","provider_config_key":"sg:aws","expressions":{"description":{"references":["var.ingress_with_ipv6_cidr_blocks","count.index"]},"from_port":{"references":["var.ingress_with_ipv6_cidr_blocks","count.index","var.rules","var.ingress_with_ipv6_cidr_blocks","count.index"]},"ipv6_cidr_blocks":{"references":["var.ingress_with_ipv6_cidr_blocks","count.index","var.ingress_ipv6_cidr_blocks"]},"prefix_list_ids":{"references":["var.ingress_prefix_list_ids"]},"protocol":{"references":["var.ingress_with_ipv6_cidr_blocks","count.index","var.rules","var.ingress_with_ipv6_cidr_blocks","count.index"]},"security_group_id":{"references":["local.this_sg_id"]},"to_port":{"references":["var.ingress_with_ipv6_cidr_blocks","count.index","var.rules","var.ingress_with_ipv6_cidr_blocks","count.index"]},"type":{"constant_value":"ingress"}},"schema_version":2,"count_expression":{"references":["var.create","var.ingress_with_ipv6_cidr_blocks"]},"raw_data":{"FileName":".terraform/modules/atlantis.alb_http_sg/main.tf","StartLine":273,"EndLine":309}},{"address":"aws_security_group_rule.ingress_with_self","mode":"managed","type":"aws_security_group_rule","name":"ingress_with_self","provider_config_key":"sg:aws","expressions":{"description":{"references":["var.ingress_with_self","count.index"]},"from_port":{"references":["var.ingress_with_self","count.index","var.rules","var.ingress_with_self","count.index"]},"prefix_list_ids":{"references":["var.ingress_prefix_list_ids"]},"protocol":{"references":["var.ingress_with_self","count.index","var.rules","var.ingress_with_self","count.index"]},"security_group_id":{"references":["local.this_sg_id"]},"self":{"references":["var.ingress_with_self","count.index"]},"to_port":{"references":["var.ingress_with_self","count.index","var.rules","var.ingress_with_self","count.index"]},"type":{"constant_value":"ingress"}},"schema_version":2,"count_expression":{"references":["var.create","var.ingress_with_self"]},"raw_data":{"FileName":".terraform/modules/atlantis.alb_http_sg/main.tf","StartLine":363,"EndLine":392}},{"address":"aws_security_group_rule.ingress_with_source_security_group_id","mode":"managed","type":"aws_security_group_rule","name":"ingress_with_source_security_group_id","provider_config_key":"sg:aws","expressions":{"description":{"references":["var.ingress_with_source_security_group_id","count.index"]},"from_port":{"references":["var.ingress_with_source_security_group_id","count.index","var.rules","var.ingress_with_source_security_group_id","count.index"]},"prefix_list_ids":{"references":["var.ingress_prefix_list_ids"]},"protocol":{"references":["var.ingress_with_source_security_group_id","count.index","var.rules","var.ingress_with_source_security_group_id","count.index"]},"security_group_id":{"references":["local.this_sg_id"]},"source_security_group_id":{"references":["var.ingress_with_source_security_group_id","count.index"]},"to_port":{"references":["var.ingress_with_source_security_group_id","count.index","var.rules","var.ingress_with_source_security_group_id","count.index"]},"type":{"constant_value":"ingress"}},"schema_version":2,"count_expression":{"references":["var.create","var.ingress_with_source_security_group_id"]},"raw_data":{"FileName":".terraform/modules/atlantis.alb_http_sg/main.tf","StartLine":95,"EndLine":136}}],"variables":{"auto_groups":{"default":{"activemq":{"egress_rules":["all-all"],"ingress_rules":["activemq-5671-tcp","activemq-8883-tcp","activemq-61614-tcp","activemq-61617-tcp","activemq-61619-tcp"],"ingress_with_self":["all-all"]},"alertmanager":{"egress_rules":["all-all"],"ingress_rules":["alertmanager-9093-tcp","alertmanager-9094-tcp"],"ingress_with_self":["all-all"]},"carbon-relay-ng":{"egress_rules":["all-all"],"ingress_rules":["carbon-line-in-tcp","carbon-line-in-udp","carbon-pickle-tcp","carbon-pickle-udp","carbon-gui-udp"],"ingress_with_self":["all-all"]},"cassandra":{"egress_rules":["all-all"],"ingress_rules":["cassandra-clients-tcp","cassandra-thrift-clients-tcp","cassandra-jmx-tcp"],"ingress_with_self":["all-all"]},"consul":{"egress_rules":["all-all"],"ingress_rules":["consul-tcp","consul-cli-rpc-tcp","consul-webui-tcp","consul-dns-tcp","consul-dns-udp","consul-serf-lan-tcp","consul-serf-lan-udp","consul-serf-wan-tcp","consul-serf-wan-udp"],"ingress_with_self":["all-all"]},"docker-swarm":{"egress_rules":["all-all"],"ingress_rules":["docker-swarm-mngmt-tcp","docker-swarm-node-tcp","docker-swarm-node-udp","docker-swarm-overlay-udp"],"ingress_with_self":["all-all"]},"elasticsearch":{"egress_rules":["all-all"],"ingress_rules":["elasticsearch-rest-tcp","elasticsearch-java-tcp"],"ingress_with_self":["all-all"]},"grafana":{"egress_rules":["all-all"],"ingress_rules":["grafana-tcp"],"ingress_with_self":["all-all"]},"graphite-statsd":{"egress_rules":["all-all"],"ingress_rules":["graphite-webui","graphite-2003-tcp","graphite-2004-tcp","graphite-2023-tcp","graphite-2024-tcp","graphite-8080-tcp","graphite-8125-tcp","graphite-8125-udp","graphite-8126-tcp"],"ingress_with_self":["all-all"]},"http-80":{"egress_rules":["all-all"],"ingress_rules":["http-80-tcp"],"ingress_with_self":["all-all"]},"http-8080":{"egress_rules":["all-all"],"ingress_rules":["http-8080-tcp"],"ingress_with_self":["all-all"]},"https-443":{"egress_rules":["all-all"],"ingress_rules":["https-443-tcp"],"ingress_with_self":["all-all"]},"https-8443":{"egress_rules":["all-all"],"ingress_rules":["https-8443-tcp"],"ingress_with_self":["all-all"]},"ipsec-4500":{"egress_rules":["all-all"],"ingress_rules":["ipsec-4500-udp"],"ingress_with_self":["all-all"]},"ipsec-500":{"egress_rules":["all-all"],"ingress_rules":["ipsec-500-udp"],"ingress_with_self":["all-all"]},"kafka":{"egress_rules":["all-all"],"ingress_rules":["kafka-broker-tcp","kafka-broker-tls-tcp","kafka-jmx-exporter-tcp","kafka-node-exporter-tcp"],"ingress_with_self":["all-all"]},"kibana":{"egress_rules":["all-all"],"ingress_rules":["kibana-tcp"],"ingress_with_self":["all-all"]},"kubernetes-api":{"egress_rules":["all-all"],"ingress_rules":["kubernetes-api-tcp"],"ingress_with_self":["all-all"]},"ldap":{"egress_rules":["all-all"],"ingress_rules":["ldap-tcp"],"ingress_with_self":["all-all"]},"ldaps":{"egress_rules":["all-all"],"ingress_rules":["ldaps-tcp"],"ingress_with_self":["all-all"]},"logstash":{"egress_rules":["all-all"],"ingress_rules":["logstash-tcp"],"ingress_with_self":["all-all"]},"memcached":{"egress_rules":["all-all"],"ingress_rules":["memcached-tcp"],"ingress_with_self":["all-all"]},"minio":{"egress_rules":["all-all"],"ingress_rules":["minio-tcp"],"ingress_with_self":["all-all"]},"mongodb":{"egress_rules":["all-all"],"ingress_rules":["mongodb-27017-tcp","mongodb-27018-tcp","mongodb-27019-tcp"],"ingress_with_self":["all-all"]},"mssql":{"egress_rules":["all-all"],"ingress_rules":["mssql-tcp","mssql-udp","mssql-analytics-tcp","mssql-broker-tcp"],"ingress_with_self":["all-all"]},"mysql":{"egress_rules":["all-all"],"ingress_rules":["mysql-tcp"],"ingress_with_self":["all-all"]},"nfs":{"egress_rules":["all-all"],"ingress_rules":["nfs-tcp"],"ingress_with_self":["all-all"]},"nomad":{"egress_rules":["all-all"],"ingress_rules":["nomad-http-tcp","nomad-rpc-tcp","nomad-serf-tcp","nomad-serf-udp"],"ingress_with_self":["all-all"]},"ntp":{"egress_rules":["all-all"],"ingress_rules":["ntp-udp"],"ingress_with_self":["all-all"]},"openvpn":{"egress_rules":["all-all"],"ingress_rules":["openvpn-udp","openvpn-tcp","openvpn-https-tcp"],"ingress_with_self":["all-all"]},"oracle-db":{"egress_rules":["all-all"],"ingress_rules":["oracle-db-tcp"],"ingress_with_self":["all-all"]},"postgresql":{"egress_rules":["all-all"],"ingress_rules":["postgresql-tcp"],"ingress_with_self":["all-all"]},"prometheus":{"egress_rules":["all-all"],"ingress_rules":["prometheus-http-tcp","prometheus-pushgateway-http-tcp"],"ingress_with_self":["all-all"]},"puppet":{"egress_rules":["all-all"],"ingress_rules":["puppet-tcp","puppetdb-tcp"],"ingress_with_self":["all-all"]},"rabbitmq":{"egress_rules":["all-all"],"ingress_rules":["rabbitmq-4369-tcp","rabbitmq-5671-tcp","rabbitmq-5672-tcp","rabbitmq-15672-tcp","rabbitmq-25672-tcp"],"ingress_with_self":["all-all"]},"rdp":{"egress_rules":["all-all"],"ingress_rules":["rdp-tcp","rdp-udp"],"ingress_with_self":["all-all"]},"redis":{"egress_rules":["all-all"],"ingress_rules":["redis-tcp"],"ingress_with_self":["all-all"]},"redshift":{"egress_rules":["all-all"],"ingress_rules":["redshift-tcp"],"ingress_with_self":["all-all"]},"solr":{"egress_rules":["all-all"],"ingress_rules":["solr-tcp"],"ingress_with_self":["all-all"]},"splunk":{"egress_rules":["all-all"],"ingress_rules":["splunk-indexer-tcp","splunk-clients-tcp","splunk-splunkd-tcp","splunk-hec-tcp"],"ingress_with_self":["all-all"]},"squid":{"egress_rules":["all-all"],"ingress_rules":["squid-proxy-tcp"],"ingress_with_self":["all-all"]},"ssh":{"egress_rules":["all-all"],"ingress_rules":["ssh-tcp"],"ingress_with_self":["all-all"]},"storm":{"egress_rules":["all-all"],"ingress_rules":["storm-nimbus-tcp","storm-ui-tcp","storm-supervisor-tcp"],"ingress_with_self":["all-all"]},"web":{"egress_rules":["all-all"],"ingress_rules":["http-80-tcp","http-8080-tcp","https-443-tcp","web-jmx-tcp"],"ingress_with_self":["all-all"]},"winrm":{"egress_rules":["all-all"],"ingress_rules":["winrm-http-tcp","winrm-https-tcp"],"ingress_with_self":["all-all"]},"zipkin":{"egress_rules":["all-all"],"ingress_rules":["zipkin-admin-tcp","zipkin-admin-query-tcp","zipkin-admin-web-tcp","zipkin-query-tcp","zipkin-web-tcp"],"ingress_with_self":["all-all"]},"zookeeper":{"egress_rules":["all-all"],"ingress_rules":["zookeeper-2181-tcp","zookeeper-2888-tcp","zookeeper-3888-tcp","zookeeper-jmx-tcp"],"ingress_with_self":["all-all"]}},"description":"Map of groups of security group rules to use to generate modules (see update_groups.sh)"},"computed_egress_rules":{"default":[],"description":"List of computed egress rules to create by name"},"computed_egress_with_cidr_blocks":{"default":[],"description":"List of computed egress rules to create where 'cidr_blocks' is used"},"computed_egress_with_ipv6_cidr_blocks":{"default":[],"description":"List of computed egress rules to create where 'ipv6_cidr_blocks' is used"},"computed_egress_with_self":{"default":[],"description":"List of computed egress rules to create where 'self' is defined"},"computed_egress_with_source_security_group_id":{"default":[],"description":"List of computed egress rules to create where 'source_security_group_id' is used"},"computed_ingress_rules":{"default":[],"description":"List of computed ingress rules to create by name"},"computed_ingress_with_cidr_blocks":{"default":[],"description":"List of computed ingress rules to create where 'cidr_blocks' is used"},"computed_ingress_with_ipv6_cidr_blocks":{"default":[],"description":"List of computed ingress rules to create where 'ipv6_cidr_blocks' is used"},"computed_ingress_with_self":{"default":[],"description":"List of computed ingress rules to create where 'self' is defined"},"computed_ingress_with_source_security_group_id":{"default":[],"description":"List of computed ingress rules to create where 'source_security_group_id' is used"},"create":{"default":true,"description":"Whether to create security group and all rules"},"description":{"default":"Security Group managed by Terraform","description":"Description of security group"},"egress_cidr_blocks":{"default":["0.0.0.0/0"],"description":"List of IPv4 CIDR ranges to use on all egress rules"},"egress_ipv6_cidr_blocks":{"default":["::/0"],"description":"List of IPv6 CIDR ranges to use on all egress rules"},"egress_prefix_list_ids":{"default":[],"description":"List of prefix list IDs (for allowing access to VPC endpoints) to use on all egress rules"},"egress_rules":{"default":[],"description":"List of egress rules to create by name"},"egress_with_cidr_blocks":{"default":[],"description":"List of egress rules to create where 'cidr_blocks' is used"},"egress_with_ipv6_cidr_blocks":{"default":[],"description":"List of egress rules to create where 'ipv6_cidr_blocks' is used"},"egress_with_self":{"default":[],"description":"List of egress rules to create where 'self' is defined"},"egress_with_source_security_group_id":{"default":[],"description":"List of egress rules to create where 'source_security_group_id' is used"},"ingress_cidr_blocks":{"default":[],"description":"List of IPv4 CIDR ranges to use on all ingress rules"},"ingress_ipv6_cidr_blocks":{"default":[],"description":"List of IPv6 CIDR ranges to use on all ingress rules"},"ingress_prefix_list_ids":{"default":[],"description":"List of prefix list IDs (for allowing access to VPC endpoints) to use on all ingress rules"},"ingress_rules":{"default":[],"description":"List of ingress rules to create by name"},"ingress_with_cidr_blocks":{"default":[],"description":"List of ingress rules to create where 'cidr_blocks' is used"},"ingress_with_ipv6_cidr_blocks":{"default":[],"description":"List of ingress rules to create where 'ipv6_cidr_blocks' is used"},"ingress_with_self":{"default":[],"description":"List of ingress rules to create where 'self' is defined"},"ingress_with_source_security_group_id":{"default":[],"description":"List of ingress rules to create where 'source_security_group_id' is used"},"name":{"description":"Name of security group"},"number_of_computed_egress_rules":{"default":0,"description":"Number of computed egress rules to create by name"},"number_of_computed_egress_with_cidr_blocks":{"default":0,"description":"Number of computed egress rules to create where 'cidr_blocks' is used"},"number_of_computed_egress_with_ipv6_cidr_blocks":{"default":0,"description":"Number of computed egress rules to create where 'ipv6_cidr_blocks' is used"},"number_of_computed_egress_with_self":{"default":0,"description":"Number of computed egress rules to create where 'self' is defined"},"number_of_computed_egress_with_source_security_group_id":{"default":0,"description":"Number of computed egress rules to create where 'source_security_group_id' is used"},"number_of_computed_ingress_rules":{"default":0,"description":"Number of computed ingress rules to create by name"},"number_of_computed_ingress_with_cidr_blocks":{"default":0,"description":"Number of computed ingress rules to create where 'cidr_blocks' is used"},"number_of_computed_ingress_with_ipv6_cidr_blocks":{"default":0,"description":"Number of computed ingress rules to create where 'ipv6_cidr_blocks' is used"},"number_of_computed_ingress_with_self":{"default":0,"description":"Number of computed ingress rules to create where 'self' is defined"},"number_of_computed_ingress_with_source_security_group_id":{"default":0,"description":"Number of computed ingress rules to create where 'source_security_group_id' is used"},"revoke_rules_on_delete":{"default":false,"description":"Instruct Terraform to revoke all of the Security Groups attached ingress and egress rules before deleting the rule itself. Enable for EMR."},"rules":{"default":{"_":["","",""],"activemq-5671-tcp":["5671","5671","tcp","ActiveMQ AMQP"],"activemq-61614-tcp":["61614","61614","tcp","ActiveMQ STOMP"],"activemq-61617-tcp":["61617","61617","tcp","ActiveMQ OpenWire"],"activemq-61619-tcp":["61619","61619","tcp","ActiveMQ WebSocket"],"activemq-8883-tcp":["8883","8883","tcp","ActiveMQ MQTT"],"alertmanager-9093-tcp":["9093","9093","tcp","Alert Manager"],"alertmanager-9094-tcp":["9094","9094","tcp","Alert Manager Cluster"],"all-all":["-1","-1","-1","All protocols"],"all-icmp":["-1","-1","icmp","All IPV4 ICMP"],"all-ipv6-icmp":["-1","-1","58","All IPV6 ICMP"],"all-tcp":["0","65535","tcp","All TCP ports"],"all-udp":["0","65535","udp","All UDP ports"],"carbon-admin-tcp":["2004","2004","tcp","Carbon admin"],"carbon-gui-udp":["8081","8081","tcp","Carbon GUI"],"carbon-line-in-tcp":["2003","2003","tcp","Carbon line-in"],"carbon-line-in-udp":["2003","2003","udp","Carbon line-in"],"carbon-pickle-tcp":["2013","2013","tcp","Carbon pickle"],"carbon-pickle-udp":["2013","2013","udp","Carbon pickle"],"cassandra-clients-tcp":["9042","9042","tcp","Cassandra clients"],"cassandra-jmx-tcp":["7199","7199","tcp","JMX"],"cassandra-thrift-clients-tcp":["9160","9160","tcp","Cassandra Thrift clients"],"consul-cli-rpc-tcp":["8400","8400","tcp","Consul CLI RPC"],"consul-dns-tcp":["8600","8600","tcp","Consul DNS"],"consul-dns-udp":["8600","8600","udp","Consul DNS"],"consul-serf-lan-tcp":["8301","8301","tcp","Serf LAN"],"consul-serf-lan-udp":["8301","8301","udp","Serf LAN"],"consul-serf-wan-tcp":["8302","8302","tcp","Serf WAN"],"consul-serf-wan-udp":["8302","8302","udp","Serf WAN"],"consul-tcp":["8300","8300","tcp","Consul server"],"consul-webui-tcp":["8500","8500","tcp","Consul web UI"],"dns-tcp":["53","53","tcp","DNS"],"dns-udp":["53","53","udp","DNS"],"docker-swarm-mngmt-tcp":["2377","2377","tcp","Docker Swarm cluster management"],"docker-swarm-node-tcp":["7946","7946","tcp","Docker Swarm node"],"docker-swarm-node-udp":["7946","7946","udp","Docker Swarm node"],"docker-swarm-overlay-udp":["4789","4789","udp","Docker Swarm Overlay Network Traffic"],"elasticsearch-java-tcp":["9300","9300","tcp","Elasticsearch Java interface"],"elasticsearch-rest-tcp":["9200","9200","tcp","Elasticsearch REST interface"],"grafana-tcp":["3000","3000","tcp","Grafana Dashboard"],"graphite-2003-tcp":["2003","2003","tcp","Carbon receiver plain text"],"graphite-2004-tcp":["2004","2004","tcp","Carbon receiver pickle"],"graphite-2023-tcp":["2023","2023","tcp","Carbon aggregator plaintext"],"graphite-2024-tcp":["2024","2024","tcp","Carbon aggregator pickle"],"graphite-8080-tcp":["8080","8080","tcp","Graphite gunicorn port"],"graphite-8125-tcp":["8125","8125","tcp","Statsd TCP"],"graphite-8125-udp":["8125","8125","udp","Statsd UDP default"],"graphite-8126-tcp":["8126","8126","tcp","Statsd admin"],"graphite-webui":["80","80","tcp","Graphite admin interface"],"http-80-tcp":["80","80","tcp","HTTP"],"http-8080-tcp":["8080","8080","tcp","HTTP"],"https-443-tcp":["443","443","tcp","HTTPS"],"https-8443-tcp":["8443","8443","tcp","HTTPS"],"ipsec-4500-udp":["4500","4500","udp","IPSEC NAT-T"],"ipsec-500-udp":["500","500","udp","IPSEC ISAKMP"],"kafka-broker-tcp":["9092","9092","tcp","Kafka broker 0.8.2+"],"kafka-broker-tls-tcp":["9094","9094","tcp","Kafka TLS enabled broker 0.8.2+"],"kafka-jmx-exporter-tcp":["11001","11001","tcp","Kafka JMX Exporter"],"kafka-node-exporter-tcp":["11002","11002","tcp","Kafka Node Exporter"],"kibana-tcp":["5601","5601","tcp","Kibana Web Interface"],"kubernetes-api-tcp":["6443","6443","tcp","Kubernetes API Server"],"ldap-tcp":["389","389","tcp","LDAP"],"ldaps-tcp":["636","636","tcp","LDAPS"],"logstash-tcp":["5044","5044","tcp","Logstash"],"memcached-tcp":["11211","11211","tcp","Memcached"],"minio-tcp":["9000","9000","tcp","MinIO"],"mongodb-27017-tcp":["27017","27017","tcp","MongoDB"],"mongodb-27018-tcp":["27018","27018","tcp","MongoDB shard"],"mongodb-27019-tcp":["27019","27019","tcp","MongoDB config server"],"mssql-analytics-tcp":["2383","2383","tcp","MSSQL Analytics"],"mssql-broker-tcp":["4022","4022","tcp","MSSQL Broker"],"mssql-tcp":["1433","1433","tcp","MSSQL Server"],"mssql-udp":["1434","1434","udp","MSSQL Browser"],"mysql-tcp":["3306","3306","tcp","MySQL/Aurora"],"nfs-tcp":["2049","2049","tcp","NFS/EFS"],"nomad-http-tcp":["4646","4646","tcp","Nomad HTTP"],"nomad-rpc-tcp":["4647","4647","tcp","Nomad RPC"],"nomad-serf-tcp":["4648","4648","tcp","Serf"],"nomad-serf-udp":["4648","4648","udp","Serf"],"ntp-udp":["123","123","udp","NTP"],"openvpn-https-tcp":["443","443","tcp","OpenVPN"],"openvpn-tcp":["943","943","tcp","OpenVPN"],"openvpn-udp":["1194","1194","udp","OpenVPN"],"oracle-db-tcp":["1521","1521","tcp","Oracle"],"postgresql-tcp":["5432","5432","tcp","PostgreSQL"],"prometheus-http-tcp":["9090","9090","tcp","Prometheus"],"prometheus-pushgateway-http-tcp":["9091","9091","tcp","Prometheus Pushgateway"],"puppet-tcp":["8140","8140","tcp","Puppet"],"puppetdb-tcp":["8081","8081","tcp","PuppetDB"],"rabbitmq-15672-tcp":["15672","15672","tcp","RabbitMQ"],"rabbitmq-25672-tcp":["25672","25672","tcp","RabbitMQ"],"rabbitmq-4369-tcp":["4369","4369","tcp","RabbitMQ epmd"],"rabbitmq-5671-tcp":["5671","5671","tcp","RabbitMQ"],"rabbitmq-5672-tcp":["5672","5672","tcp","RabbitMQ"],"rdp-tcp":["3389","3389","tcp","Remote Desktop"],"rdp-udp":["3389","3389","udp","Remote Desktop"],"redis-tcp":["6379","6379","tcp","Redis"],"redshift-tcp":["5439","5439","tcp","Redshift"],"solr-tcp":["8983","8987","tcp","Solr"],"splunk-hec-tcp":["8088","8088","tcp","Splunk HEC"],"splunk-indexer-tcp":["9997","9997","tcp","Splunk indexer"],"splunk-splunkd-tcp":["8089","8089","tcp","Splunkd"],"splunk-web-tcp":["8000","8000","tcp","Splunk Web"],"squid-proxy-tcp":["3128","3128","tcp","Squid default proxy"],"ssh-tcp":["22","22","tcp","SSH"],"storm-nimbus-tcp":["6627","6627","tcp","Nimbus"],"storm-supervisor-tcp":["6700","6703","tcp","Supervisor"],"storm-ui-tcp":["8080","8080","tcp","Storm UI"],"web-jmx-tcp":["1099","1099","tcp","JMX"],"winrm-http-tcp":["5985","5985","tcp","WinRM HTTP"],"winrm-https-tcp":["5986","5986","tcp","WinRM HTTPS"],"zipkin-admin-query-tcp":["9901","9901","tcp","Zipkin Admin port query"],"zipkin-admin-tcp":["9990","9990","tcp","Zipkin Admin port collector"],"zipkin-admin-web-tcp":["9991","9991","tcp","Zipkin Admin port web"],"zipkin-query-tcp":["9411","9411","tcp","Zipkin query port"],"zipkin-web-tcp":["8080","8080","tcp","Zipkin web port"],"zookeeper-2181-tcp":["2181","2181","tcp","Zookeeper"],"zookeeper-2888-tcp":["2888","2888","tcp","Zookeeper"],"zookeeper-3888-tcp":["3888","3888","tcp","Zookeeper"],"zookeeper-jmx-tcp":["7199","7199","tcp","JMX"]},"description":"Map of known security group rules (define as 'name' = ['from port', 'to port', 'protocol', 'description'])"},"tags":{"default":{},"description":"A mapping of tags to assign to security group"},"use_name_prefix":{"default":true,"description":"Whether to use name_prefix or fixed name. Should be true to able to update security group name after initial creation"},"vpc_id":{"description":"ID of the VPC where to create security group"}}},"raw_data":{"FileName":".terraform/modules/atlantis.alb_http_sg/modules/http-80/main.tf","StartLine":1,"EndLine":115}}},"variables":{"auto_computed_egress_rules":{"default":[],"description":"List of computed egress rules to add automatically"},"auto_computed_egress_with_self":{"default":[],"description":"List of maps defining computed egress rules with self to add automatically"},"auto_computed_ingress_rules":{"default":[],"description":"List of ingress rules to add automatically"},"auto_computed_ingress_with_self":{"default":[],"description":"List of maps defining computed ingress rules with self to add automatically"},"auto_egress_rules":{"default":["all-all"],"description":"List of egress rules to add automatically"},"auto_egress_with_self":{"default":[],"description":"List of maps defining egress rules with self to add automatically"},"auto_ingress_rules":{"default":["http-80-tcp"],"description":"List of ingress rules to add automatically"},"auto_ingress_with_self":{"default":[{"rule":"all-all"}],"description":"List of maps defining ingress rules with self to add automatically"},"auto_number_of_computed_egress_rules":{"default":0,"description":"Number of computed egress rules to create by name"},"auto_number_of_computed_egress_with_self":{"default":0,"description":"Number of computed egress rules to create where 'self' is defined"},"auto_number_of_computed_ingress_rules":{"default":0,"description":"Number of computed ingress rules to create by name"},"auto_number_of_computed_ingress_with_self":{"default":0,"description":"Number of computed ingress rules to create where 'self' is defined"},"computed_egress_cidr_blocks":{"default":["0.0.0.0/0"],"description":"List of IPv4 CIDR ranges to use on all computed egress rules"},"computed_egress_ipv6_cidr_blocks":{"default":["::/0"],"description":"List of IPv6 CIDR ranges to use on all computed egress rules"},"computed_egress_prefix_list_ids":{"default":[],"description":"List of prefix list IDs (for allowing access to VPC endpoints) to use on all computed egress rules"},"computed_egress_rules":{"default":[],"description":"List of computed egress rules to create by name"},"computed_egress_with_cidr_blocks":{"default":[],"description":"List of computed egress rules to create where 'cidr_blocks' is used"},"computed_egress_with_ipv6_cidr_blocks":{"default":[],"description":"List of computed egress rules to create where 'ipv6_cidr_blocks' is used"},"computed_egress_with_self":{"default":[],"description":"List of computed egress rules to create where 'self' is defined"},"computed_egress_with_source_security_group_id":{"default":[],"description":"List of computed egress rules to create where 'source_security_group_id' is used"},"computed_ingress_cidr_blocks":{"default":[],"description":"List of IPv4 CIDR ranges to use on all computed ingress rules"},"computed_ingress_ipv6_cidr_blocks":{"default":[],"description":"List of IPv6 CIDR ranges to use on all computed ingress rules"},"computed_ingress_prefix_list_ids":{"default":[],"description":"List of prefix list IDs (for allowing access to VPC endpoints) to use on all computed ingress rules"},"computed_ingress_rules":{"default":[],"description":"List of computed ingress rules to create by name"},"computed_ingress_with_cidr_blocks":{"default":[],"description":"List of computed ingress rules to create where 'cidr_blocks' is used"},"computed_ingress_with_ipv6_cidr_blocks":{"default":[],"description":"List of computed ingress rules to create where 'ipv6_cidr_blocks' is used"},"computed_ingress_with_self":{"default":[],"description":"List of computed ingress rules to create where 'self' is defined"},"computed_ingress_with_source_security_group_id":{"default":[],"description":"List of computed ingress rules to create where 'source_security_group_id' is used"},"create":{"default":true,"description":"Whether to create security group and all rules"},"description":{"default":"Security Group managed by Terraform","description":"Description of security group"},"egress_cidr_blocks":{"default":["0.0.0.0/0"],"description":"List of IPv4 CIDR ranges to use on all egress rules"},"egress_ipv6_cidr_blocks":{"default":["::/0"],"description":"List of IPv6 CIDR ranges to use on all egress rules"},"egress_prefix_list_ids":{"default":[],"description":"List of prefix list IDs (for allowing access to VPC endpoints) to use on all egress rules"},"egress_rules":{"default":[],"description":"List of egress rules to create by name"},"egress_with_cidr_blocks":{"default":[],"description":"List of egress rules to create where 'cidr_blocks' is used"},"egress_with_ipv6_cidr_blocks":{"default":[],"description":"List of egress rules to create where 'ipv6_cidr_blocks' is used"},"egress_with_self":{"default":[],"description":"List of egress rules to create where 'self' is defined"},"egress_with_source_security_group_id":{"default":[],"description":"List of egress rules to create where 'source_security_group_id' is used"},"ingress_cidr_blocks":{"default":[],"description":"List of IPv4 CIDR ranges to use on all ingress rules"},"ingress_ipv6_cidr_blocks":{"default":[],"description":"List of IPv6 CIDR ranges to use on all ingress rules"},"ingress_prefix_list_ids":{"default":[],"description":"List of prefix list IDs (for allowing access to VPC endpoints) to use on all ingress rules"},"ingress_rules":{"default":[],"description":"List of ingress rules to create by name"},"ingress_with_cidr_blocks":{"default":[],"description":"List of ingress rules to create where 'cidr_blocks' is used"},"ingress_with_ipv6_cidr_blocks":{"default":[],"description":"List of ingress rules to create where 'ipv6_cidr_blocks' is used"},"ingress_with_self":{"default":[],"description":"List of ingress rules to create where 'self' is defined"},"ingress_with_source_security_group_id":{"default":[],"description":"List of ingress rules to create where 'source_security_group_id' is used"},"name":{"description":"Name of security group"},"number_of_computed_egress_cidr_blocks":{"default":0,"description":"Number of IPv4 CIDR ranges to use on all computed egress rules"},"number_of_computed_egress_ipv6_cidr_blocks":{"default":0,"description":"Number of IPv6 CIDR ranges to use on all computed egress rules"},"number_of_computed_egress_prefix_list_ids":{"default":0,"description":"Number of prefix list IDs (for allowing access to VPC endpoints) to use on all computed egress rules"},"number_of_computed_egress_rules":{"default":0,"description":"Number of computed egress rules to create by name"},"number_of_computed_egress_with_cidr_blocks":{"default":0,"description":"Number of computed egress rules to create where 'cidr_blocks' is used"},"number_of_computed_egress_with_ipv6_cidr_blocks":{"default":0,"description":"Number of computed egress rules to create where 'ipv6_cidr_blocks' is used"},"number_of_computed_egress_with_self":{"default":0,"description":"Number of computed egress rules to create where 'self' is defined"},"number_of_computed_egress_with_source_security_group_id":{"default":0,"description":"Number of computed egress rules to create where 'source_security_group_id' is used"},"number_of_computed_ingress_cidr_blocks":{"default":0,"description":"Number of IPv4 CIDR ranges to use on all computed ingress rules"},"number_of_computed_ingress_ipv6_cidr_blocks":{"default":0,"description":"Number of IPv6 CIDR ranges to use on all computed ingress rules"},"number_of_computed_ingress_prefix_list_ids":{"default":0,"description":"Number of prefix list IDs (for allowing access to VPC endpoints) to use on all computed ingress rules"},"number_of_computed_ingress_rules":{"default":0,"description":"Number of computed ingress rules to create by name"},"number_of_computed_ingress_with_cidr_blocks":{"default":0,"description":"Number of computed ingress rules to create where 'cidr_blocks' is used"},"number_of_computed_ingress_with_ipv6_cidr_blocks":{"default":0,"description":"Number of computed ingress rules to create where 'ipv6_cidr_blocks' is used"},"number_of_computed_ingress_with_self":{"default":0,"description":"Number of computed ingress rules to create where 'self' is defined"},"number_of_computed_ingress_with_source_security_group_id":{"default":0,"description":"Number of computed ingress rules to create where 'source_security_group_id' is used"},"revoke_rules_on_delete":{"default":false,"description":"Instruct Terraform to revoke all of the Security Groups attached ingress and egress rules before deleting the rule itself. Enable for EMR."},"tags":{"default":{},"description":"A mapping of tags to assign to security group"},"use_name_prefix":{"default":true,"description":"Whether to use name_prefix or fixed name. Should be true to able to update security group name after initial creation"},"vpc_id":{"description":"ID of the VPC where to create security group"}}},"version_constraint":"v3.17.0","raw_data":{"FileName":".terraform/modules/atlantis/main.tf","StartLine":278,"EndLine":289}},"alb_https_sg":{"source":"terraform-aws-modules/security-group/aws//modules/https-443","expressions":{"description":{"constant_value":"Security group with HTTPS ports open for specific IPv4 CIDR block (or everybody), egress ports are all world open"},"ingress_cidr_blocks":{"references":["var.allow_github_webhooks","var.github_webhooks_cidr_blocks","var.alb_ingress_cidr_blocks"]},"name":{"references":["var.name"]},"tags":{"references":["local.tags","var.alb_https_security_group_tags"]},"vpc_id":{"references":["local.vpc_id"]}},"module":{"outputs":{"this_security_group_description":{"expression":{"references":["module.sg.this_security_group_description"]},"description":"The description of the security group"},"this_security_group_id":{"expression":{"references":["module.sg.this_security_group_id"]},"description":"The ID of the security group"},"this_security_group_name":{"expression":{"references":["module.sg.this_security_group_name"]},"description":"The name of the security group"},"this_security_group_owner_id":{"expression":{"references":["module.sg.this_security_group_owner_id"]},"description":"The owner ID"},"this_security_group_vpc_id":{"expression":{"references":["module.sg.this_security_group_vpc_id"]},"description":"The VPC ID"}},"module_calls":{"sg":{"source":"../../","expressions":{"computed_egress_rules":{"references":["var.auto_computed_egress_rules","var.computed_egress_rules"]},"computed_egress_with_cidr_blocks":{"references":["var.computed_egress_with_cidr_blocks"]},"computed_egress_with_ipv6_cidr_blocks":{"references":["var.computed_egress_with_ipv6_cidr_blocks"]},"computed_egress_with_self":{"references":["var.auto_computed_egress_with_self","var.computed_egress_with_self"]},"computed_egress_with_source_security_group_id":{"references":["var.computed_egress_with_source_security_group_id"]},"computed_ingress_rules":{"references":["var.auto_computed_ingress_rules","var.computed_ingress_rules"]},"computed_ingress_with_cidr_blocks":{"references":["var.computed_ingress_with_cidr_blocks"]},"computed_ingress_with_ipv6_cidr_blocks":{"references":["var.computed_ingress_with_ipv6_cidr_blocks"]},"computed_ingress_with_self":{"references":["var.auto_computed_ingress_with_self","var.computed_ingress_with_self"]},"computed_ingress_with_source_security_group_id":{"references":["var.computed_ingress_with_source_security_group_id"]},"create":{"references":["var.create"]},"description":{"references":["var.description"]},"egress_cidr_blocks":{"references":["var.egress_cidr_blocks"]},"egress_ipv6_cidr_blocks":{"references":["var.egress_ipv6_cidr_blocks"]},"egress_prefix_list_ids":{"references":["var.egress_prefix_list_ids"]},"egress_rules":{"references":["var.auto_egress_rules","var.egress_rules"]},"egress_with_cidr_blocks":{"references":["var.egress_with_cidr_blocks"]},"egress_with_ipv6_cidr_blocks":{"references":["var.egress_with_ipv6_cidr_blocks"]},"egress_with_self":{"references":["var.auto_egress_with_self","var.egress_with_self"]},"egress_with_source_security_group_id":{"references":["var.egress_with_source_security_group_id"]},"ingress_cidr_blocks":{"references":["var.ingress_cidr_blocks"]},"ingress_ipv6_cidr_blocks":{"references":["var.ingress_ipv6_cidr_blocks"]},"ingress_prefix_list_ids":{"references":["var.ingress_prefix_list_ids"]},"ingress_rules":{"references":["var.auto_ingress_rules","var.ingress_rules"]},"ingress_with_cidr_blocks":{"references":["var.ingress_with_cidr_blocks"]},"ingress_with_ipv6_cidr_blocks":{"references":["var.ingress_with_ipv6_cidr_blocks"]},"ingress_with_self":{"references":["var.auto_ingress_with_self","var.ingress_with_self"]},"ingress_with_source_security_group_id":{"references":["var.ingress_with_source_security_group_id"]},"name":{"references":["var.name"]},"number_of_computed_egress_rules":{"references":["var.auto_number_of_computed_egress_rules","var.number_of_computed_egress_rules"]},"number_of_computed_egress_with_cidr_blocks":{"references":["var.number_of_computed_egress_with_cidr_blocks"]},"number_of_computed_egress_with_ipv6_cidr_blocks":{"references":["var.number_of_computed_egress_with_ipv6_cidr_blocks"]},"number_of_computed_egress_with_self":{"references":["var.auto_number_of_computed_egress_with_self","var.number_of_computed_egress_with_self"]},"number_of_computed_egress_with_source_security_group_id":{"references":["var.number_of_computed_egress_with_source_security_group_id"]},"number_of_computed_ingress_rules":{"references":["var.auto_number_of_computed_ingress_rules","var.number_of_computed_ingress_rules"]},"number_of_computed_ingress_with_cidr_blocks":{"references":["var.number_of_computed_ingress_with_cidr_blocks"]},"number_of_computed_ingress_with_ipv6_cidr_blocks":{"references":["var.number_of_computed_ingress_with_ipv6_cidr_blocks"]},"number_of_computed_ingress_with_self":{"references":["var.auto_number_of_computed_ingress_with_self","var.number_of_computed_ingress_with_self"]},"number_of_computed_ingress_with_source_security_group_id":{"references":["var.number_of_computed_ingress_with_source_security_group_id"]},"revoke_rules_on_delete":{"references":["var.revoke_rules_on_delete"]},"tags":{"references":["var.tags"]},"use_name_prefix":{"references":["var.use_name_prefix"]},"vpc_id":{"references":["var.vpc_id"]}},"module":{"outputs":{"this_security_group_description":{"expression":{"references":["aws_security_group.this","aws_security_group.this_name_prefix"]},"description":"The description of the security group"},"this_security_group_id":{"expression":{"references":["aws_security_group.this","aws_security_group.this_name_prefix"]},"description":"The ID of the security group"},"this_security_group_name":{"expression":{"references":["aws_security_group.this","aws_security_group.this_name_prefix"]},"description":"The name of the security group"},"this_security_group_owner_id":{"expression":{"references":["aws_security_group.this","aws_security_group.this_name_prefix"]},"description":"The owner ID"},"this_security_group_vpc_id":{"expression":{"references":["aws_security_group.this","aws_security_group.this_name_prefix"]},"description":"The VPC ID"}},"resources":[{"address":"aws_security_group.this","mode":"managed","type":"aws_security_group","name":"this","provider_config_key":"sg:aws","expressions":{"description":{"references":["var.description"]},"name":{"references":["var.name"]},"revoke_rules_on_delete":{"references":["var.revoke_rules_on_delete"]},"tags":{"references":["var.name","var.tags"]},"vpc_id":{"references":["var.vpc_id"]}},"schema_version":1,"count_expression":{"references":["var.create","var.use_name_prefix"]},"raw_data":{"FileName":".terraform/modules/atlantis.alb_https_sg/main.tf","StartLine":15,"EndLine":29}},{"address":"aws_security_group.this_name_prefix","mode":"managed","type":"aws_security_group","name":"this_name_prefix","provider_config_key":"sg:aws","expressions":{"description":{"references":["var.description"]},"name_prefix":{"references":["var.name"]},"revoke_rules_on_delete":{"references":["var.revoke_rules_on_delete"]},"tags":{"references":["var.name","var.tags"]},"vpc_id":{"references":["var.vpc_id"]}},"schema_version":1,"count_expression":{"references":["var.create","var.use_name_prefix"]},"raw_data":{"FileName":".terraform/modules/atlantis.alb_https_sg/main.tf","StartLine":34,"EndLine":52}},{"address":"aws_security_group_rule.computed_egress_rules","mode":"managed","type":"aws_security_group_rule","name":"computed_egress_rules","provider_config_key":"sg:aws","expressions":{"cidr_blocks":{"references":["var.egress_cidr_blocks"]},"description":{"references":["var.rules","var.computed_egress_rules","count.index"]},"from_port":{"references":["var.rules","var.computed_egress_rules","count.index"]},"ipv6_cidr_blocks":{"references":["var.egress_ipv6_cidr_blocks"]},"prefix_list_ids":{"references":["var.egress_prefix_list_ids"]},"protocol":{"references":["var.rules","var.computed_egress_rules","count.index"]},"security_group_id":{"references":["local.this_sg_id"]},"to_port":{"references":["var.rules","var.computed_egress_rules","count.index"]},"type":{"constant_value":"egress"}},"schema_version":2,"count_expression":{"references":["var.create","var.number_of_computed_egress_rules"]},"raw_data":{"FileName":".terraform/modules/atlantis.alb_https_sg/main.tf","StartLine":451,"EndLine":465}},{"address":"aws_security_group_rule.computed_egress_with_cidr_blocks","mode":"managed","type":"aws_security_group_rule","name":"computed_egress_with_cidr_blocks","provider_config_key":"sg:aws","expressions":{"cidr_blocks":{"references":["var.computed_egress_with_cidr_blocks","count.index","var.egress_cidr_blocks"]},"description":{"references":["var.computed_egress_with_cidr_blocks","count.index"]},"from_port":{"references":["var.computed_egress_with_cidr_blocks","count.index","var.rules","var.computed_egress_with_cidr_blocks","count.index"]},"prefix_list_ids":{"references":["var.egress_prefix_list_ids"]},"protocol":{"references":["var.computed_egress_with_cidr_blocks","count.index","var.rules","var.computed_egress_with_cidr_blocks","count.index"]},"security_group_id":{"references":["local.this_sg_id"]},"to_port":{"references":["var.computed_egress_with_cidr_blocks","count.index","var.rules","var.computed_egress_with_cidr_blocks","count.index"]},"type":{"constant_value":"egress"}},"schema_version":2,"count_expression":{"references":["var.create","var.number_of_computed_egress_with_cidr_blocks"]},"raw_data":{"FileName":".terraform/modules/atlantis.alb_https_sg/main.tf","StartLine":598,"EndLine":646}},{"address":"aws_security_group_rule.computed_egress_with_ipv6_cidr_blocks","mode":"managed","type":"aws_security_group_rule","name":"computed_egress_with_ipv6_cidr_blocks","provider_config_key":"sg:aws","expressions":{"description":{"references":["var.computed_egress_with_ipv6_cidr_blocks","count.index"]},"from_port":{"references":["var.computed_egress_with_ipv6_cidr_blocks","count.index","var.rules","var.computed_egress_with_ipv6_cidr_blocks","count.index"]},"ipv6_cidr_blocks":{"references":["var.computed_egress_with_ipv6_cidr_blocks","count.index","var.egress_ipv6_cidr_blocks"]},"prefix_list_ids":{"references":["var.egress_prefix_list_ids"]},"protocol":{"references":["var.computed_egress_with_ipv6_cidr_blocks","count.index","var.rules","var.computed_egress_with_ipv6_cidr_blocks","count.index"]},"security_group_id":{"references":["local.this_sg_id"]},"to_port":{"references":["var.computed_egress_with_ipv6_cidr_blocks","count.index","var.rules","var.computed_egress_with_ipv6_cidr_blocks","count.index"]},"type":{"constant_value":"egress"}},"schema_version":2,"count_expression":{"references":["var.create","var.number_of_computed_egress_with_ipv6_cidr_blocks"]},"raw_data":{"FileName":".terraform/modules/atlantis.alb_https_sg/main.tf","StartLine":688,"EndLine":736}},{"address":"aws_security_group_rule.computed_egress_with_self","mode":"managed","type":"aws_security_group_rule","name":"computed_egress_with_self","provider_config_key":"sg:aws","expressions":{"description":{"references":["var.computed_egress_with_self","count.index"]},"from_port":{"references":["var.computed_egress_with_self","count.index","var.rules","var.computed_egress_with_self","count.index"]},"prefix_list_ids":{"references":["var.egress_prefix_list_ids"]},"protocol":{"references":["var.computed_egress_with_self","count.index","var.rules","var.computed_egress_with_self","count.index"]},"security_group_id":{"references":["local.this_sg_id"]},"self":{"references":["var.computed_egress_with_self","count.index"]},"to_port":{"references":["var.computed_egress_with_self","count.index","var.rules","var.computed_egress_with_self","count.index"]},"type":{"constant_value":"egress"}},"schema_version":2,"count_expression":{"references":["var.create","var.number_of_computed_egress_with_self"]},"raw_data":{"FileName":".terraform/modules/atlantis.alb_https_sg/main.tf","StartLine":771,"EndLine":800}},{"address":"aws_security_group_rule.computed_egress_with_source_security_group_id","mode":"managed","type":"aws_security_group_rule","name":"computed_egress_with_source_security_group_id","provider_config_key":"sg:aws","expressions":{"description":{"references":["var.computed_egress_with_source_security_group_id","count.index"]},"from_port":{"references":["var.computed_egress_with_source_security_group_id","count.index","var.rules","var.computed_egress_with_source_security_group_id","count.index"]},"prefix_list_ids":{"references":["var.egress_prefix_list_ids"]},"protocol":{"references":["var.computed_egress_with_source_security_group_id","count.index","var.rules","var.computed_egress_with_source_security_group_id","count.index"]},"security_group_id":{"references":["local.this_sg_id"]},"source_security_group_id":{"references":["var.computed_egress_with_source_security_group_id","count.index"]},"to_port":{"references":["var.computed_egress_with_source_security_group_id","count.index","var.rules","var.computed_egress_with_source_security_group_id","count.index"]},"type":{"constant_value":"egress"}},"schema_version":2,"count_expression":{"references":["var.create","var.number_of_computed_egress_with_source_security_group_id"]},"raw_data":{"FileName":".terraform/modules/atlantis.alb_https_sg/main.tf","StartLine":515,"EndLine":556}},{"address":"aws_security_group_rule.computed_ingress_rules","mode":"managed","type":"aws_security_group_rule","name":"computed_ingress_rules","provider_config_key":"sg:aws","expressions":{"cidr_blocks":{"references":["var.ingress_cidr_blocks"]},"description":{"references":["var.rules","var.computed_ingress_rules","count.index"]},"from_port":{"references":["var.rules","var.computed_ingress_rules","count.index"]},"ipv6_cidr_blocks":{"references":["var.ingress_ipv6_cidr_blocks"]},"prefix_list_ids":{"references":["var.ingress_prefix_list_ids"]},"protocol":{"references":["var.rules","var.computed_ingress_rules","count.index"]},"security_group_id":{"references":["local.this_sg_id"]},"to_port":{"references":["var.rules","var.computed_ingress_rules","count.index"]},"type":{"constant_value":"ingress"}},"schema_version":2,"count_expression":{"references":["var.create","var.number_of_computed_ingress_rules"]},"raw_data":{"FileName":".terraform/modules/atlantis.alb_https_sg/main.tf","StartLine":75,"EndLine":89}},{"address":"aws_security_group_rule.computed_ingress_with_cidr_blocks","mode":"managed","type":"aws_security_group_rule","name":"computed_ingress_with_cidr_blocks","provider_config_key":"sg:aws","expressions":{"cidr_blocks":{"references":["var.computed_ingress_with_cidr_blocks","count.index","var.ingress_cidr_blocks"]},"description":{"references":["var.computed_ingress_with_cidr_blocks","count.index"]},"from_port":{"references":["var.computed_ingress_with_cidr_blocks","count.index","var.rules","var.computed_ingress_with_cidr_blocks","count.index"]},"prefix_list_ids":{"references":["var.ingress_prefix_list_ids"]},"protocol":{"references":["var.computed_ingress_with_cidr_blocks","count.index","var.rules","var.computed_ingress_with_cidr_blocks","count.index"]},"security_group_id":{"references":["local.this_sg_id"]},"to_port":{"references":["var.computed_ingress_with_cidr_blocks","count.index","var.rules","var.computed_ingress_with_cidr_blocks","count.index"]},"type":{"constant_value":"ingress"}},"schema_version":2,"count_expression":{"references":["var.create","var.number_of_computed_ingress_with_cidr_blocks"]},"raw_data":{"FileName":".terraform/modules/atlantis.alb_https_sg/main.tf","StartLine":222,"EndLine":270}},{"address":"aws_security_group_rule.computed_ingress_with_ipv6_cidr_blocks","mode":"managed","type":"aws_security_group_rule","name":"computed_ingress_with_ipv6_cidr_blocks","provider_config_key":"sg:aws","expressions":{"description":{"references":["var.computed_ingress_with_ipv6_cidr_blocks","count.index"]},"from_port":{"references":["var.computed_ingress_with_ipv6_cidr_blocks","count.index","var.rules","var.computed_ingress_with_ipv6_cidr_blocks","count.index"]},"ipv6_cidr_blocks":{"references":["var.computed_ingress_with_ipv6_cidr_blocks","count.index","var.ingress_ipv6_cidr_blocks"]},"prefix_list_ids":{"references":["var.ingress_prefix_list_ids"]},"protocol":{"references":["var.computed_ingress_with_ipv6_cidr_blocks","count.index","var.rules","var.computed_ingress_with_ipv6_cidr_blocks","count.index"]},"security_group_id":{"references":["local.this_sg_id"]},"to_port":{"references":["var.computed_ingress_with_ipv6_cidr_blocks","count.index","var.rules","var.computed_ingress_with_ipv6_cidr_blocks","count.index"]},"type":{"constant_value":"ingress"}},"schema_version":2,"count_expression":{"references":["var.create","var.number_of_computed_ingress_with_ipv6_cidr_blocks"]},"raw_data":{"FileName":".terraform/modules/atlantis.alb_https_sg/main.tf","StartLine":312,"EndLine":360}},{"address":"aws_security_group_rule.computed_ingress_with_self","mode":"managed","type":"aws_security_group_rule","name":"computed_ingress_with_self","provider_config_key":"sg:aws","expressions":{"description":{"references":["var.computed_ingress_with_self","count.index"]},"from_port":{"references":["var.computed_ingress_with_self","count.index","var.rules","var.computed_ingress_with_self","count.index"]},"prefix_list_ids":{"references":["var.ingress_prefix_list_ids"]},"protocol":{"references":["var.computed_ingress_with_self","count.index","var.rules","var.computed_ingress_with_self","count.index"]},"security_group_id":{"references":["local.this_sg_id"]},"self":{"references":["var.computed_ingress_with_self","count.index"]},"to_port":{"references":["var.computed_ingress_with_self","count.index","var.rules","var.computed_ingress_with_self","count.index"]},"type":{"constant_value":"ingress"}},"schema_version":2,"count_expression":{"references":["var.create","var.number_of_computed_ingress_with_self"]},"raw_data":{"FileName":".terraform/modules/atlantis.alb_https_sg/main.tf","StartLine":395,"EndLine":424}},{"address":"aws_security_group_rule.computed_ingress_with_source_security_group_id","mode":"managed","type":"aws_security_group_rule","name":"computed_ingress_with_source_security_group_id","provider_config_key":"sg:aws","expressions":{"description":{"references":["var.computed_ingress_with_source_security_group_id","count.index"]},"from_port":{"references":["var.computed_ingress_with_source_security_group_id","count.index","var.rules","var.computed_ingress_with_source_security_group_id","count.index"]},"prefix_list_ids":{"references":["var.ingress_prefix_list_ids"]},"protocol":{"references":["var.computed_ingress_with_source_security_group_id","count.index","var.rules","var.computed_ingress_with_source_security_group_id","count.index"]},"security_group_id":{"references":["local.this_sg_id"]},"source_security_group_id":{"references":["var.computed_ingress_with_source_security_group_id","count.index"]},"to_port":{"references":["var.computed_ingress_with_source_security_group_id","count.index","var.rules","var.computed_ingress_with_source_security_group_id","count.index"]},"type":{"constant_value":"ingress"}},"schema_version":2,"count_expression":{"references":["var.create","var.number_of_computed_ingress_with_source_security_group_id"]},"raw_data":{"FileName":".terraform/modules/atlantis.alb_https_sg/main.tf","StartLine":139,"EndLine":180}},{"address":"aws_security_group_rule.egress_rules","mode":"managed","type":"aws_security_group_rule","name":"egress_rules","provider_config_key":"sg:aws","expressions":{"cidr_blocks":{"references":["var.egress_cidr_blocks"]},"description":{"references":["var.rules","var.egress_rules","count.index"]},"from_port":{"references":["var.rules","var.egress_rules","count.index"]},"ipv6_cidr_blocks":{"references":["var.egress_ipv6_cidr_blocks"]},"prefix_list_ids":{"references":["var.egress_prefix_list_ids"]},"protocol":{"references":["var.rules","var.egress_rules","count.index"]},"security_group_id":{"references":["local.this_sg_id"]},"to_port":{"references":["var.rules","var.egress_rules","count.index"]},"type":{"constant_value":"egress"}},"schema_version":2,"count_expression":{"references":["var.create","var.egress_rules"]},"raw_data":{"FileName":".terraform/modules/atlantis.alb_https_sg/main.tf","StartLine":434,"EndLine":448}},{"address":"aws_security_group_rule.egress_with_cidr_blocks","mode":"managed","type":"aws_security_group_rule","name":"egress_with_cidr_blocks","provider_config_key":"sg:aws","expressions":{"cidr_blocks":{"references":["var.egress_with_cidr_blocks","count.index","var.egress_cidr_blocks"]},"description":{"references":["var.egress_with_cidr_blocks","count.index"]},"from_port":{"references":["var.egress_with_cidr_blocks","count.index","var.rules","var.egress_with_cidr_blocks","count.index"]},"prefix_list_ids":{"references":["var.egress_prefix_list_ids"]},"protocol":{"references":["var.egress_with_cidr_blocks","count.index","var.rules","var.egress_with_cidr_blocks","count.index"]},"security_group_id":{"references":["local.this_sg_id"]},"to_port":{"references":["var.egress_with_cidr_blocks","count.index","var.rules","var.egress_with_cidr_blocks","count.index"]},"type":{"constant_value":"egress"}},"schema_version":2,"count_expression":{"references":["var.create","var.egress_with_cidr_blocks"]},"raw_data":{"FileName":".terraform/modules/atlantis.alb_https_sg/main.tf","StartLine":559,"EndLine":595}},{"address":"aws_security_group_rule.egress_with_ipv6_cidr_blocks","mode":"managed","type":"aws_security_group_rule","name":"egress_with_ipv6_cidr_blocks","provider_config_key":"sg:aws","expressions":{"description":{"references":["var.egress_with_ipv6_cidr_blocks","count.index"]},"from_port":{"references":["var.egress_with_ipv6_cidr_blocks","count.index","var.rules","var.egress_with_ipv6_cidr_blocks","count.index"]},"ipv6_cidr_blocks":{"references":["var.egress_with_ipv6_cidr_blocks","count.index","var.egress_ipv6_cidr_blocks"]},"prefix_list_ids":{"references":["var.egress_prefix_list_ids"]},"protocol":{"references":["var.egress_with_ipv6_cidr_blocks","count.index","var.rules","var.egress_with_ipv6_cidr_blocks","count.index"]},"security_group_id":{"references":["local.this_sg_id"]},"to_port":{"references":["var.egress_with_ipv6_cidr_blocks","count.index","var.rules","var.egress_with_ipv6_cidr_blocks","count.index"]},"type":{"constant_value":"egress"}},"schema_version":2,"count_expression":{"references":["var.create","var.egress_with_ipv6_cidr_blocks"]},"raw_data":{"FileName":".terraform/modules/atlantis.alb_https_sg/main.tf","StartLine":649,"EndLine":685}},{"address":"aws_security_group_rule.egress_with_self","mode":"managed","type":"aws_security_group_rule","name":"egress_with_self","provider_config_key":"sg:aws","expressions":{"description":{"references":["var.egress_with_self","count.index"]},"from_port":{"references":["var.egress_with_self","count.index","var.rules","var.egress_with_self","count.index"]},"prefix_list_ids":{"references":["var.egress_prefix_list_ids"]},"protocol":{"references":["var.egress_with_self","count.index","var.rules","var.egress_with_self","count.index"]},"security_group_id":{"references":["local.this_sg_id"]},"self":{"references":["var.egress_with_self","count.index"]},"to_port":{"references":["var.egress_with_self","count.index","var.rules","var.egress_with_self","count.index"]},"type":{"constant_value":"egress"}},"schema_version":2,"count_expression":{"references":["var.create","var.egress_with_self"]},"raw_data":{"FileName":".terraform/modules/atlantis.alb_https_sg/main.tf","StartLine":739,"EndLine":768}},{"address":"aws_security_group_rule.egress_with_source_security_group_id","mode":"managed","type":"aws_security_group_rule","name":"egress_with_source_security_group_id","provider_config_key":"sg:aws","expressions":{"description":{"references":["var.egress_with_source_security_group_id","count.index"]},"from_port":{"references":["var.egress_with_source_security_group_id","count.index","var.rules","var.egress_with_source_security_group_id","count.index"]},"prefix_list_ids":{"references":["var.egress_prefix_list_ids"]},"protocol":{"references":["var.egress_with_source_security_group_id","count.index","var.rules","var.egress_with_source_security_group_id","count.index"]},"security_group_id":{"references":["local.this_sg_id"]},"source_security_group_id":{"references":["var.egress_with_source_security_group_id","count.index"]},"to_port":{"references":["var.egress_with_source_security_group_id","count.index","var.rules","var.egress_with_source_security_group_id","count.index"]},"type":{"constant_value":"egress"}},"schema_version":2,"count_expression":{"references":["var.create","var.egress_with_source_security_group_id"]},"raw_data":{"FileName":".terraform/modules/atlantis.alb_https_sg/main.tf","StartLine":471,"EndLine":512}},{"address":"aws_security_group_rule.ingress_rules","mode":"managed","type":"aws_security_group_rule","name":"ingress_rules","provider_config_key":"sg:aws","expressions":{"cidr_blocks":{"references":["var.ingress_cidr_blocks"]},"description":{"references":["var.rules","var.ingress_rules","count.index"]},"from_port":{"references":["var.rules","var.ingress_rules","count.index"]},"ipv6_cidr_blocks":{"references":["var.ingress_ipv6_cidr_blocks"]},"prefix_list_ids":{"references":["var.ingress_prefix_list_ids"]},"protocol":{"references":["var.rules","var.ingress_rules","count.index"]},"security_group_id":{"references":["local.this_sg_id"]},"to_port":{"references":["var.rules","var.ingress_rules","count.index"]},"type":{"constant_value":"ingress"}},"schema_version":2,"count_expression":{"references":["var.create","var.ingress_rules"]},"raw_data":{"FileName":".terraform/modules/atlantis.alb_https_sg/main.tf","StartLine":58,"EndLine":72}},{"address":"aws_security_group_rule.ingress_with_cidr_blocks","mode":"managed","type":"aws_security_group_rule","name":"ingress_with_cidr_blocks","provider_config_key":"sg:aws","expressions":{"cidr_blocks":{"references":["var.ingress_with_cidr_blocks","count.index","var.ingress_cidr_blocks"]},"description":{"references":["var.ingress_with_cidr_blocks","count.index"]},"from_port":{"references":["var.ingress_with_cidr_blocks","count.index","var.rules","var.ingress_with_cidr_blocks","count.index"]},"prefix_list_ids":{"references":["var.ingress_prefix_list_ids"]},"protocol":{"references":["var.ingress_with_cidr_blocks","count.index","var.rules","var.ingress_with_cidr_blocks","count.index"]},"security_group_id":{"references":["local.this_sg_id"]},"to_port":{"references":["var.ingress_with_cidr_blocks","count.index","var.rules","var.ingress_with_cidr_blocks","count.index"]},"type":{"constant_value":"ingress"}},"schema_version":2,"count_expression":{"references":["var.create","var.ingress_with_cidr_blocks"]},"raw_data":{"FileName":".terraform/modules/atlantis.alb_https_sg/main.tf","StartLine":183,"EndLine":219}},{"address":"aws_security_group_rule.ingress_with_ipv6_cidr_blocks","mode":"managed","type":"aws_security_group_rule","name":"ingress_with_ipv6_cidr_blocks","provider_config_key":"sg:aws","expressions":{"description":{"references":["var.ingress_with_ipv6_cidr_blocks","count.index"]},"from_port":{"references":["var.ingress_with_ipv6_cidr_blocks","count.index","var.rules","var.ingress_with_ipv6_cidr_blocks","count.index"]},"ipv6_cidr_blocks":{"references":["var.ingress_with_ipv6_cidr_blocks","count.index","var.ingress_ipv6_cidr_blocks"]},"prefix_list_ids":{"references":["var.ingress_prefix_list_ids"]},"protocol":{"references":["var.ingress_with_ipv6_cidr_blocks","count.index","var.rules","var.ingress_with_ipv6_cidr_blocks","count.index"]},"security_group_id":{"references":["local.this_sg_id"]},"to_port":{"references":["var.ingress_with_ipv6_cidr_blocks","count.index","var.rules","var.ingress_with_ipv6_cidr_blocks","count.index"]},"type":{"constant_value":"ingress"}},"schema_version":2,"count_expression":{"references":["var.create","var.ingress_with_ipv6_cidr_blocks"]},"raw_data":{"FileName":".terraform/modules/atlantis.alb_https_sg/main.tf","StartLine":273,"EndLine":309}},{"address":"aws_security_group_rule.ingress_with_self","mode":"managed","type":"aws_security_group_rule","name":"ingress_with_self","provider_config_key":"sg:aws","expressions":{"description":{"references":["var.ingress_with_self","count.index"]},"from_port":{"references":["var.ingress_with_self","count.index","var.rules","var.ingress_with_self","count.index"]},"prefix_list_ids":{"references":["var.ingress_prefix_list_ids"]},"protocol":{"references":["var.ingress_with_self","count.index","var.rules","var.ingress_with_self","count.index"]},"security_group_id":{"references":["local.this_sg_id"]},"self":{"references":["var.ingress_with_self","count.index"]},"to_port":{"references":["var.ingress_with_self","count.index","var.rules","var.ingress_with_self","count.index"]},"type":{"constant_value":"ingress"}},"schema_version":2,"count_expression":{"references":["var.create","var.ingress_with_self"]},"raw_data":{"FileName":".terraform/modules/atlantis.alb_https_sg/main.tf","StartLine":363,"EndLine":392}},{"address":"aws_security_group_rule.ingress_with_source_security_group_id","mode":"managed","type":"aws_security_group_rule","name":"ingress_with_source_security_group_id","provider_config_key":"sg:aws","expressions":{"description":{"references":["var.ingress_with_source_security_group_id","count.index"]},"from_port":{"references":["var.ingress_with_source_security_group_id","count.index","var.rules","var.ingress_with_source_security_group_id","count.index"]},"prefix_list_ids":{"references":["var.ingress_prefix_list_ids"]},"protocol":{"references":["var.ingress_with_source_security_group_id","count.index","var.rules","var.ingress_with_source_security_group_id","count.index"]},"security_group_id":{"references":["local.this_sg_id"]},"source_security_group_id":{"references":["var.ingress_with_source_security_group_id","count.index"]},"to_port":{"references":["var.ingress_with_source_security_group_id","count.index","var.rules","var.ingress_with_source_security_group_id","count.index"]},"type":{"constant_value":"ingress"}},"schema_version":2,"count_expression":{"references":["var.create","var.ingress_with_source_security_group_id"]},"raw_data":{"FileName":".terraform/modules/atlantis.alb_https_sg/main.tf","StartLine":95,"EndLine":136}}],"variables":{"auto_groups":{"default":{"activemq":{"egress_rules":["all-all"],"ingress_rules":["activemq-5671-tcp","activemq-8883-tcp","activemq-61614-tcp","activemq-61617-tcp","activemq-61619-tcp"],"ingress_with_self":["all-all"]},"alertmanager":{"egress_rules":["all-all"],"ingress_rules":["alertmanager-9093-tcp","alertmanager-9094-tcp"],"ingress_with_self":["all-all"]},"carbon-relay-ng":{"egress_rules":["all-all"],"ingress_rules":["carbon-line-in-tcp","carbon-line-in-udp","carbon-pickle-tcp","carbon-pickle-udp","carbon-gui-udp"],"ingress_with_self":["all-all"]},"cassandra":{"egress_rules":["all-all"],"ingress_rules":["cassandra-clients-tcp","cassandra-thrift-clients-tcp","cassandra-jmx-tcp"],"ingress_with_self":["all-all"]},"consul":{"egress_rules":["all-all"],"ingress_rules":["consul-tcp","consul-cli-rpc-tcp","consul-webui-tcp","consul-dns-tcp","consul-dns-udp","consul-serf-lan-tcp","consul-serf-lan-udp","consul-serf-wan-tcp","consul-serf-wan-udp"],"ingress_with_self":["all-all"]},"docker-swarm":{"egress_rules":["all-all"],"ingress_rules":["docker-swarm-mngmt-tcp","docker-swarm-node-tcp","docker-swarm-node-udp","docker-swarm-overlay-udp"],"ingress_with_self":["all-all"]},"elasticsearch":{"egress_rules":["all-all"],"ingress_rules":["elasticsearch-rest-tcp","elasticsearch-java-tcp"],"ingress_with_self":["all-all"]},"grafana":{"egress_rules":["all-all"],"ingress_rules":["grafana-tcp"],"ingress_with_self":["all-all"]},"graphite-statsd":{"egress_rules":["all-all"],"ingress_rules":["graphite-webui","graphite-2003-tcp","graphite-2004-tcp","graphite-2023-tcp","graphite-2024-tcp","graphite-8080-tcp","graphite-8125-tcp","graphite-8125-udp","graphite-8126-tcp"],"ingress_with_self":["all-all"]},"http-80":{"egress_rules":["all-all"],"ingress_rules":["http-80-tcp"],"ingress_with_self":["all-all"]},"http-8080":{"egress_rules":["all-all"],"ingress_rules":["http-8080-tcp"],"ingress_with_self":["all-all"]},"https-443":{"egress_rules":["all-all"],"ingress_rules":["https-443-tcp"],"ingress_with_self":["all-all"]},"https-8443":{"egress_rules":["all-all"],"ingress_rules":["https-8443-tcp"],"ingress_with_self":["all-all"]},"ipsec-4500":{"egress_rules":["all-all"],"ingress_rules":["ipsec-4500-udp"],"ingress_with_self":["all-all"]},"ipsec-500":{"egress_rules":["all-all"],"ingress_rules":["ipsec-500-udp"],"ingress_with_self":["all-all"]},"kafka":{"egress_rules":["all-all"],"ingress_rules":["kafka-broker-tcp","kafka-broker-tls-tcp","kafka-jmx-exporter-tcp","kafka-node-exporter-tcp"],"ingress_with_self":["all-all"]},"kibana":{"egress_rules":["all-all"],"ingress_rules":["kibana-tcp"],"ingress_with_self":["all-all"]},"kubernetes-api":{"egress_rules":["all-all"],"ingress_rules":["kubernetes-api-tcp"],"ingress_with_self":["all-all"]},"ldap":{"egress_rules":["all-all"],"ingress_rules":["ldap-tcp"],"ingress_with_self":["all-all"]},"ldaps":{"egress_rules":["all-all"],"ingress_rules":["ldaps-tcp"],"ingress_with_self":["all-all"]},"logstash":{"egress_rules":["all-all"],"ingress_rules":["logstash-tcp"],"ingress_with_self":["all-all"]},"memcached":{"egress_rules":["all-all"],"ingress_rules":["memcached-tcp"],"ingress_with_self":["all-all"]},"minio":{"egress_rules":["all-all"],"ingress_rules":["minio-tcp"],"ingress_with_self":["all-all"]},"mongodb":{"egress_rules":["all-all"],"ingress_rules":["mongodb-27017-tcp","mongodb-27018-tcp","mongodb-27019-tcp"],"ingress_with_self":["all-all"]},"mssql":{"egress_rules":["all-all"],"ingress_rules":["mssql-tcp","mssql-udp","mssql-analytics-tcp","mssql-broker-tcp"],"ingress_with_self":["all-all"]},"mysql":{"egress_rules":["all-all"],"ingress_rules":["mysql-tcp"],"ingress_with_self":["all-all"]},"nfs":{"egress_rules":["all-all"],"ingress_rules":["nfs-tcp"],"ingress_with_self":["all-all"]},"nomad":{"egress_rules":["all-all"],"ingress_rules":["nomad-http-tcp","nomad-rpc-tcp","nomad-serf-tcp","nomad-serf-udp"],"ingress_with_self":["all-all"]},"ntp":{"egress_rules":["all-all"],"ingress_rules":["ntp-udp"],"ingress_with_self":["all-all"]},"openvpn":{"egress_rules":["all-all"],"ingress_rules":["openvpn-udp","openvpn-tcp","openvpn-https-tcp"],"ingress_with_self":["all-all"]},"oracle-db":{"egress_rules":["all-all"],"ingress_rules":["oracle-db-tcp"],"ingress_with_self":["all-all"]},"postgresql":{"egress_rules":["all-all"],"ingress_rules":["postgresql-tcp"],"ingress_with_self":["all-all"]},"prometheus":{"egress_rules":["all-all"],"ingress_rules":["prometheus-http-tcp","prometheus-pushgateway-http-tcp"],"ingress_with_self":["all-all"]},"puppet":{"egress_rules":["all-all"],"ingress_rules":["puppet-tcp","puppetdb-tcp"],"ingress_with_self":["all-all"]},"rabbitmq":{"egress_rules":["all-all"],"ingress_rules":["rabbitmq-4369-tcp","rabbitmq-5671-tcp","rabbitmq-5672-tcp","rabbitmq-15672-tcp","rabbitmq-25672-tcp"],"ingress_with_self":["all-all"]},"rdp":{"egress_rules":["all-all"],"ingress_rules":["rdp-tcp","rdp-udp"],"ingress_with_self":["all-all"]},"redis":{"egress_rules":["all-all"],"ingress_rules":["redis-tcp"],"ingress_with_self":["all-all"]},"redshift":{"egress_rules":["all-all"],"ingress_rules":["redshift-tcp"],"ingress_with_self":["all-all"]},"solr":{"egress_rules":["all-all"],"ingress_rules":["solr-tcp"],"ingress_with_self":["all-all"]},"splunk":{"egress_rules":["all-all"],"ingress_rules":["splunk-indexer-tcp","splunk-clients-tcp","splunk-splunkd-tcp","splunk-hec-tcp"],"ingress_with_self":["all-all"]},"squid":{"egress_rules":["all-all"],"ingress_rules":["squid-proxy-tcp"],"ingress_with_self":["all-all"]},"ssh":{"egress_rules":["all-all"],"ingress_rules":["ssh-tcp"],"ingress_with_self":["all-all"]},"storm":{"egress_rules":["all-all"],"ingress_rules":["storm-nimbus-tcp","storm-ui-tcp","storm-supervisor-tcp"],"ingress_with_self":["all-all"]},"web":{"egress_rules":["all-all"],"ingress_rules":["http-80-tcp","http-8080-tcp","https-443-tcp","web-jmx-tcp"],"ingress_with_self":["all-all"]},"winrm":{"egress_rules":["all-all"],"ingress_rules":["winrm-http-tcp","winrm-https-tcp"],"ingress_with_self":["all-all"]},"zipkin":{"egress_rules":["all-all"],"ingress_rules":["zipkin-admin-tcp","zipkin-admin-query-tcp","zipkin-admin-web-tcp","zipkin-query-tcp","zipkin-web-tcp"],"ingress_with_self":["all-all"]},"zookeeper":{"egress_rules":["all-all"],"ingress_rules":["zookeeper-2181-tcp","zookeeper-2888-tcp","zookeeper-3888-tcp","zookeeper-jmx-tcp"],"ingress_with_self":["all-all"]}},"description":"Map of groups of security group rules to use to generate modules (see update_groups.sh)"},"computed_egress_rules":{"default":[],"description":"List of computed egress rules to create by name"},"computed_egress_with_cidr_blocks":{"default":[],"description":"List of computed egress rules to create where 'cidr_blocks' is used"},"computed_egress_with_ipv6_cidr_blocks":{"default":[],"description":"List of computed egress rules to create where 'ipv6_cidr_blocks' is used"},"computed_egress_with_self":{"default":[],"description":"List of computed egress rules to create where 'self' is defined"},"computed_egress_with_source_security_group_id":{"default":[],"description":"List of computed egress rules to create where 'source_security_group_id' is used"},"computed_ingress_rules":{"default":[],"description":"List of computed ingress rules to create by name"},"computed_ingress_with_cidr_blocks":{"default":[],"description":"List of computed ingress rules to create where 'cidr_blocks' is used"},"computed_ingress_with_ipv6_cidr_blocks":{"default":[],"description":"List of computed ingress rules to create where 'ipv6_cidr_blocks' is used"},"computed_ingress_with_self":{"default":[],"description":"List of computed ingress rules to create where 'self' is defined"},"computed_ingress_with_source_security_group_id":{"default":[],"description":"List of computed ingress rules to create where 'source_security_group_id' is used"},"create":{"default":true,"description":"Whether to create security group and all rules"},"description":{"default":"Security Group managed by Terraform","description":"Description of security group"},"egress_cidr_blocks":{"default":["0.0.0.0/0"],"description":"List of IPv4 CIDR ranges to use on all egress rules"},"egress_ipv6_cidr_blocks":{"default":["::/0"],"description":"List of IPv6 CIDR ranges to use on all egress rules"},"egress_prefix_list_ids":{"default":[],"description":"List of prefix list IDs (for allowing access to VPC endpoints) to use on all egress rules"},"egress_rules":{"default":[],"description":"List of egress rules to create by name"},"egress_with_cidr_blocks":{"default":[],"description":"List of egress rules to create where 'cidr_blocks' is used"},"egress_with_ipv6_cidr_blocks":{"default":[],"description":"List of egress rules to create where 'ipv6_cidr_blocks' is used"},"egress_with_self":{"default":[],"description":"List of egress rules to create where 'self' is defined"},"egress_with_source_security_group_id":{"default":[],"description":"List of egress rules to create where 'source_security_group_id' is used"},"ingress_cidr_blocks":{"default":[],"description":"List of IPv4 CIDR ranges to use on all ingress rules"},"ingress_ipv6_cidr_blocks":{"default":[],"description":"List of IPv6 CIDR ranges to use on all ingress rules"},"ingress_prefix_list_ids":{"default":[],"description":"List of prefix list IDs (for allowing access to VPC endpoints) to use on all ingress rules"},"ingress_rules":{"default":[],"description":"List of ingress rules to create by name"},"ingress_with_cidr_blocks":{"default":[],"description":"List of ingress rules to create where 'cidr_blocks' is used"},"ingress_with_ipv6_cidr_blocks":{"default":[],"description":"List of ingress rules to create where 'ipv6_cidr_blocks' is used"},"ingress_with_self":{"default":[],"description":"List of ingress rules to create where 'self' is defined"},"ingress_with_source_security_group_id":{"default":[],"description":"List of ingress rules to create where 'source_security_group_id' is used"},"name":{"description":"Name of security group"},"number_of_computed_egress_rules":{"default":0,"description":"Number of computed egress rules to create by name"},"number_of_computed_egress_with_cidr_blocks":{"default":0,"description":"Number of computed egress rules to create where 'cidr_blocks' is used"},"number_of_computed_egress_with_ipv6_cidr_blocks":{"default":0,"description":"Number of computed egress rules to create where 'ipv6_cidr_blocks' is used"},"number_of_computed_egress_with_self":{"default":0,"description":"Number of computed egress rules to create where 'self' is defined"},"number_of_computed_egress_with_source_security_group_id":{"default":0,"description":"Number of computed egress rules to create where 'source_security_group_id' is used"},"number_of_computed_ingress_rules":{"default":0,"description":"Number of computed ingress rules to create by name"},"number_of_computed_ingress_with_cidr_blocks":{"default":0,"description":"Number of computed ingress rules to create where 'cidr_blocks' is used"},"number_of_computed_ingress_with_ipv6_cidr_blocks":{"default":0,"description":"Number of computed ingress rules to create where 'ipv6_cidr_blocks' is used"},"number_of_computed_ingress_with_self":{"default":0,"description":"Number of computed ingress rules to create where 'self' is defined"},"number_of_computed_ingress_with_source_security_group_id":{"default":0,"description":"Number of computed ingress rules to create where 'source_security_group_id' is used"},"revoke_rules_on_delete":{"default":false,"description":"Instruct Terraform to revoke all of the Security Groups attached ingress and egress rules before deleting the rule itself. Enable for EMR."},"rules":{"default":{"_":["","",""],"activemq-5671-tcp":["5671","5671","tcp","ActiveMQ AMQP"],"activemq-61614-tcp":["61614","61614","tcp","ActiveMQ STOMP"],"activemq-61617-tcp":["61617","61617","tcp","ActiveMQ OpenWire"],"activemq-61619-tcp":["61619","61619","tcp","ActiveMQ WebSocket"],"activemq-8883-tcp":["8883","8883","tcp","ActiveMQ MQTT"],"alertmanager-9093-tcp":["9093","9093","tcp","Alert Manager"],"alertmanager-9094-tcp":["9094","9094","tcp","Alert Manager Cluster"],"all-all":["-1","-1","-1","All protocols"],"all-icmp":["-1","-1","icmp","All IPV4 ICMP"],"all-ipv6-icmp":["-1","-1","58","All IPV6 ICMP"],"all-tcp":["0","65535","tcp","All TCP ports"],"all-udp":["0","65535","udp","All UDP ports"],"carbon-admin-tcp":["2004","2004","tcp","Carbon admin"],"carbon-gui-udp":["8081","8081","tcp","Carbon GUI"],"carbon-line-in-tcp":["2003","2003","tcp","Carbon line-in"],"carbon-line-in-udp":["2003","2003","udp","Carbon line-in"],"carbon-pickle-tcp":["2013","2013","tcp","Carbon pickle"],"carbon-pickle-udp":["2013","2013","udp","Carbon pickle"],"cassandra-clients-tcp":["9042","9042","tcp","Cassandra clients"],"cassandra-jmx-tcp":["7199","7199","tcp","JMX"],"cassandra-thrift-clients-tcp":["9160","9160","tcp","Cassandra Thrift clients"],"consul-cli-rpc-tcp":["8400","8400","tcp","Consul CLI RPC"],"consul-dns-tcp":["8600","8600","tcp","Consul DNS"],"consul-dns-udp":["8600","8600","udp","Consul DNS"],"consul-serf-lan-tcp":["8301","8301","tcp","Serf LAN"],"consul-serf-lan-udp":["8301","8301","udp","Serf LAN"],"consul-serf-wan-tcp":["8302","8302","tcp","Serf WAN"],"consul-serf-wan-udp":["8302","8302","udp","Serf WAN"],"consul-tcp":["8300","8300","tcp","Consul server"],"consul-webui-tcp":["8500","8500","tcp","Consul web UI"],"dns-tcp":["53","53","tcp","DNS"],"dns-udp":["53","53","udp","DNS"],"docker-swarm-mngmt-tcp":["2377","2377","tcp","Docker Swarm cluster management"],"docker-swarm-node-tcp":["7946","7946","tcp","Docker Swarm node"],"docker-swarm-node-udp":["7946","7946","udp","Docker Swarm node"],"docker-swarm-overlay-udp":["4789","4789","udp","Docker Swarm Overlay Network Traffic"],"elasticsearch-java-tcp":["9300","9300","tcp","Elasticsearch Java interface"],"elasticsearch-rest-tcp":["9200","9200","tcp","Elasticsearch REST interface"],"grafana-tcp":["3000","3000","tcp","Grafana Dashboard"],"graphite-2003-tcp":["2003","2003","tcp","Carbon receiver plain text"],"graphite-2004-tcp":["2004","2004","tcp","Carbon receiver pickle"],"graphite-2023-tcp":["2023","2023","tcp","Carbon aggregator plaintext"],"graphite-2024-tcp":["2024","2024","tcp","Carbon aggregator pickle"],"graphite-8080-tcp":["8080","8080","tcp","Graphite gunicorn port"],"graphite-8125-tcp":["8125","8125","tcp","Statsd TCP"],"graphite-8125-udp":["8125","8125","udp","Statsd UDP default"],"graphite-8126-tcp":["8126","8126","tcp","Statsd admin"],"graphite-webui":["80","80","tcp","Graphite admin interface"],"http-80-tcp":["80","80","tcp","HTTP"],"http-8080-tcp":["8080","8080","tcp","HTTP"],"https-443-tcp":["443","443","tcp","HTTPS"],"https-8443-tcp":["8443","8443","tcp","HTTPS"],"ipsec-4500-udp":["4500","4500","udp","IPSEC NAT-T"],"ipsec-500-udp":["500","500","udp","IPSEC ISAKMP"],"kafka-broker-tcp":["9092","9092","tcp","Kafka broker 0.8.2+"],"kafka-broker-tls-tcp":["9094","9094","tcp","Kafka TLS enabled broker 0.8.2+"],"kafka-jmx-exporter-tcp":["11001","11001","tcp","Kafka JMX Exporter"],"kafka-node-exporter-tcp":["11002","11002","tcp","Kafka Node Exporter"],"kibana-tcp":["5601","5601","tcp","Kibana Web Interface"],"kubernetes-api-tcp":["6443","6443","tcp","Kubernetes API Server"],"ldap-tcp":["389","389","tcp","LDAP"],"ldaps-tcp":["636","636","tcp","LDAPS"],"logstash-tcp":["5044","5044","tcp","Logstash"],"memcached-tcp":["11211","11211","tcp","Memcached"],"minio-tcp":["9000","9000","tcp","MinIO"],"mongodb-27017-tcp":["27017","27017","tcp","MongoDB"],"mongodb-27018-tcp":["27018","27018","tcp","MongoDB shard"],"mongodb-27019-tcp":["27019","27019","tcp","MongoDB config server"],"mssql-analytics-tcp":["2383","2383","tcp","MSSQL Analytics"],"mssql-broker-tcp":["4022","4022","tcp","MSSQL Broker"],"mssql-tcp":["1433","1433","tcp","MSSQL Server"],"mssql-udp":["1434","1434","udp","MSSQL Browser"],"mysql-tcp":["3306","3306","tcp","MySQL/Aurora"],"nfs-tcp":["2049","2049","tcp","NFS/EFS"],"nomad-http-tcp":["4646","4646","tcp","Nomad HTTP"],"nomad-rpc-tcp":["4647","4647","tcp","Nomad RPC"],"nomad-serf-tcp":["4648","4648","tcp","Serf"],"nomad-serf-udp":["4648","4648","udp","Serf"],"ntp-udp":["123","123","udp","NTP"],"openvpn-https-tcp":["443","443","tcp","OpenVPN"],"openvpn-tcp":["943","943","tcp","OpenVPN"],"openvpn-udp":["1194","1194","udp","OpenVPN"],"oracle-db-tcp":["1521","1521","tcp","Oracle"],"postgresql-tcp":["5432","5432","tcp","PostgreSQL"],"prometheus-http-tcp":["9090","9090","tcp","Prometheus"],"prometheus-pushgateway-http-tcp":["9091","9091","tcp","Prometheus Pushgateway"],"puppet-tcp":["8140","8140","tcp","Puppet"],"puppetdb-tcp":["8081","8081","tcp","PuppetDB"],"rabbitmq-15672-tcp":["15672","15672","tcp","RabbitMQ"],"rabbitmq-25672-tcp":["25672","25672","tcp","RabbitMQ"],"rabbitmq-4369-tcp":["4369","4369","tcp","RabbitMQ epmd"],"rabbitmq-5671-tcp":["5671","5671","tcp","RabbitMQ"],"rabbitmq-5672-tcp":["5672","5672","tcp","RabbitMQ"],"rdp-tcp":["3389","3389","tcp","Remote Desktop"],"rdp-udp":["3389","3389","udp","Remote Desktop"],"redis-tcp":["6379","6379","tcp","Redis"],"redshift-tcp":["5439","5439","tcp","Redshift"],"solr-tcp":["8983","8987","tcp","Solr"],"splunk-hec-tcp":["8088","8088","tcp","Splunk HEC"],"splunk-indexer-tcp":["9997","9997","tcp","Splunk indexer"],"splunk-splunkd-tcp":["8089","8089","tcp","Splunkd"],"splunk-web-tcp":["8000","8000","tcp","Splunk Web"],"squid-proxy-tcp":["3128","3128","tcp","Squid default proxy"],"ssh-tcp":["22","22","tcp","SSH"],"storm-nimbus-tcp":["6627","6627","tcp","Nimbus"],"storm-supervisor-tcp":["6700","6703","tcp","Supervisor"],"storm-ui-tcp":["8080","8080","tcp","Storm UI"],"web-jmx-tcp":["1099","1099","tcp","JMX"],"winrm-http-tcp":["5985","5985","tcp","WinRM HTTP"],"winrm-https-tcp":["5986","5986","tcp","WinRM HTTPS"],"zipkin-admin-query-tcp":["9901","9901","tcp","Zipkin Admin port query"],"zipkin-admin-tcp":["9990","9990","tcp","Zipkin Admin port collector"],"zipkin-admin-web-tcp":["9991","9991","tcp","Zipkin Admin port web"],"zipkin-query-tcp":["9411","9411","tcp","Zipkin query port"],"zipkin-web-tcp":["8080","8080","tcp","Zipkin web port"],"zookeeper-2181-tcp":["2181","2181","tcp","Zookeeper"],"zookeeper-2888-tcp":["2888","2888","tcp","Zookeeper"],"zookeeper-3888-tcp":["3888","3888","tcp","Zookeeper"],"zookeeper-jmx-tcp":["7199","7199","tcp","JMX"]},"description":"Map of known security group rules (define as 'name' = ['from port', 'to port', 'protocol', 'description'])"},"tags":{"default":{},"description":"A mapping of tags to assign to security group"},"use_name_prefix":{"default":true,"description":"Whether to use name_prefix or fixed name. Should be true to able to update security group name after initial creation"},"vpc_id":{"description":"ID of the VPC where to create security group"}}},"raw_data":{"FileName":".terraform/modules/atlantis.alb_https_sg/modules/https-443/main.tf","StartLine":1,"EndLine":115}}},"variables":{"auto_computed_egress_rules":{"default":[],"description":"List of computed egress rules to add automatically"},"auto_computed_egress_with_self":{"default":[],"description":"List of maps defining computed egress rules with self to add automatically"},"auto_computed_ingress_rules":{"default":[],"description":"List of ingress rules to add automatically"},"auto_computed_ingress_with_self":{"default":[],"description":"List of maps defining computed ingress rules with self to add automatically"},"auto_egress_rules":{"default":["all-all"],"description":"List of egress rules to add automatically"},"auto_egress_with_self":{"default":[],"description":"List of maps defining egress rules with self to add automatically"},"auto_ingress_rules":{"default":["https-443-tcp"],"description":"List of ingress rules to add automatically"},"auto_ingress_with_self":{"default":[{"rule":"all-all"}],"description":"List of maps defining ingress rules with self to add automatically"},"auto_number_of_computed_egress_rules":{"default":0,"description":"Number of computed egress rules to create by name"},"auto_number_of_computed_egress_with_self":{"default":0,"description":"Number of computed egress rules to create where 'self' is defined"},"auto_number_of_computed_ingress_rules":{"default":0,"description":"Number of computed ingress rules to create by name"},"auto_number_of_computed_ingress_with_self":{"default":0,"description":"Number of computed ingress rules to create where 'self' is defined"},"computed_egress_cidr_blocks":{"default":["0.0.0.0/0"],"description":"List of IPv4 CIDR ranges to use on all computed egress rules"},"computed_egress_ipv6_cidr_blocks":{"default":["::/0"],"description":"List of IPv6 CIDR ranges to use on all computed egress rules"},"computed_egress_prefix_list_ids":{"default":[],"description":"List of prefix list IDs (for allowing access to VPC endpoints) to use on all computed egress rules"},"computed_egress_rules":{"default":[],"description":"List of computed egress rules to create by name"},"computed_egress_with_cidr_blocks":{"default":[],"description":"List of computed egress rules to create where 'cidr_blocks' is used"},"computed_egress_with_ipv6_cidr_blocks":{"default":[],"description":"List of computed egress rules to create where 'ipv6_cidr_blocks' is used"},"computed_egress_with_self":{"default":[],"description":"List of computed egress rules to create where 'self' is defined"},"computed_egress_with_source_security_group_id":{"default":[],"description":"List of computed egress rules to create where 'source_security_group_id' is used"},"computed_ingress_cidr_blocks":{"default":[],"description":"List of IPv4 CIDR ranges to use on all computed ingress rules"},"computed_ingress_ipv6_cidr_blocks":{"default":[],"description":"List of IPv6 CIDR ranges to use on all computed ingress rules"},"computed_ingress_prefix_list_ids":{"default":[],"description":"List of prefix list IDs (for allowing access to VPC endpoints) to use on all computed ingress rules"},"computed_ingress_rules":{"default":[],"description":"List of computed ingress rules to create by name"},"computed_ingress_with_cidr_blocks":{"default":[],"description":"List of computed ingress rules to create where 'cidr_blocks' is used"},"computed_ingress_with_ipv6_cidr_blocks":{"default":[],"description":"List of computed ingress rules to create where 'ipv6_cidr_blocks' is used"},"computed_ingress_with_self":{"default":[],"description":"List of computed ingress rules to create where 'self' is defined"},"computed_ingress_with_source_security_group_id":{"default":[],"description":"List of computed ingress rules to create where 'source_security_group_id' is used"},"create":{"default":true,"description":"Whether to create security group and all rules"},"description":{"default":"Security Group managed by Terraform","description":"Description of security group"},"egress_cidr_blocks":{"default":["0.0.0.0/0"],"description":"List of IPv4 CIDR ranges to use on all egress rules"},"egress_ipv6_cidr_blocks":{"default":["::/0"],"description":"List of IPv6 CIDR ranges to use on all egress rules"},"egress_prefix_list_ids":{"default":[],"description":"List of prefix list IDs (for allowing access to VPC endpoints) to use on all egress rules"},"egress_rules":{"default":[],"description":"List of egress rules to create by name"},"egress_with_cidr_blocks":{"default":[],"description":"List of egress rules to create where 'cidr_blocks' is used"},"egress_with_ipv6_cidr_blocks":{"default":[],"description":"List of egress rules to create where 'ipv6_cidr_blocks' is used"},"egress_with_self":{"default":[],"description":"List of egress rules to create where 'self' is defined"},"egress_with_source_security_group_id":{"default":[],"description":"List of egress rules to create where 'source_security_group_id' is used"},"ingress_cidr_blocks":{"default":[],"description":"List of IPv4 CIDR ranges to use on all ingress rules"},"ingress_ipv6_cidr_blocks":{"default":[],"description":"List of IPv6 CIDR ranges to use on all ingress rules"},"ingress_prefix_list_ids":{"default":[],"description":"List of prefix list IDs (for allowing access to VPC endpoints) to use on all ingress rules"},"ingress_rules":{"default":[],"description":"List of ingress rules to create by name"},"ingress_with_cidr_blocks":{"default":[],"description":"List of ingress rules to create where 'cidr_blocks' is used"},"ingress_with_ipv6_cidr_blocks":{"default":[],"description":"List of ingress rules to create where 'ipv6_cidr_blocks' is used"},"ingress_with_self":{"default":[],"description":"List of ingress rules to create where 'self' is defined"},"ingress_with_source_security_group_id":{"default":[],"description":"List of ingress rules to create where 'source_security_group_id' is used"},"name":{"description":"Name of security group"},"number_of_computed_egress_cidr_blocks":{"default":0,"description":"Number of IPv4 CIDR ranges to use on all computed egress rules"},"number_of_computed_egress_ipv6_cidr_blocks":{"default":0,"description":"Number of IPv6 CIDR ranges to use on all computed egress rules"},"number_of_computed_egress_prefix_list_ids":{"default":0,"description":"Number of prefix list IDs (for allowing access to VPC endpoints) to use on all computed egress rules"},"number_of_computed_egress_rules":{"default":0,"description":"Number of computed egress rules to create by name"},"number_of_computed_egress_with_cidr_blocks":{"default":0,"description":"Number of computed egress rules to create where 'cidr_blocks' is used"},"number_of_computed_egress_with_ipv6_cidr_blocks":{"default":0,"description":"Number of computed egress rules to create where 'ipv6_cidr_blocks' is used"},"number_of_computed_egress_with_self":{"default":0,"description":"Number of computed egress rules to create where 'self' is defined"},"number_of_computed_egress_with_source_security_group_id":{"default":0,"description":"Number of computed egress rules to create where 'source_security_group_id' is used"},"number_of_computed_ingress_cidr_blocks":{"default":0,"description":"Number of IPv4 CIDR ranges to use on all computed ingress rules"},"number_of_computed_ingress_ipv6_cidr_blocks":{"default":0,"description":"Number of IPv6 CIDR ranges to use on all computed ingress rules"},"number_of_computed_ingress_prefix_list_ids":{"default":0,"description":"Number of prefix list IDs (for allowing access to VPC endpoints) to use on all computed ingress rules"},"number_of_computed_ingress_rules":{"default":0,"description":"Number of computed ingress rules to create by name"},"number_of_computed_ingress_with_cidr_blocks":{"default":0,"description":"Number of computed ingress rules to create where 'cidr_blocks' is used"},"number_of_computed_ingress_with_ipv6_cidr_blocks":{"default":0,"description":"Number of computed ingress rules to create where 'ipv6_cidr_blocks' is used"},"number_of_computed_ingress_with_self":{"default":0,"description":"Number of computed ingress rules to create where 'self' is defined"},"number_of_computed_ingress_with_source_security_group_id":{"default":0,"description":"Number of computed ingress rules to create where 'source_security_group_id' is used"},"revoke_rules_on_delete":{"default":false,"description":"Instruct Terraform to revoke all of the Security Groups attached ingress and egress rules before deleting the rule itself. Enable for EMR."},"tags":{"default":{},"description":"A mapping of tags to assign to security group"},"use_name_prefix":{"default":true,"description":"Whether to use name_prefix or fixed name. Should be true to able to update security group name after initial creation"},"vpc_id":{"description":"ID of the VPC where to create security group"}}},"version_constraint":"v3.17.0","raw_data":{"FileName":".terraform/modules/atlantis/main.tf","StartLine":265,"EndLine":276}},"atlantis_sg":{"source":"terraform-aws-modules/security-group/aws","expressions":{"description":{"references":["var.atlantis_port"]},"egress_rules":{"constant_value":["all-all"]},"ingress_with_source_security_group_id":{"references":["var.atlantis_port","var.atlantis_port","module.alb_https_sg.this_security_group_id"]},"name":{"references":["var.name"]},"tags":{"references":["local.tags","var.atlantis_security_group_tags"]},"vpc_id":{"references":["local.vpc_id"]}},"module":{"outputs":{"this_security_group_description":{"expression":{"references":["aws_security_group.this","aws_security_group.this_name_prefix"]},"description":"The description of the security group"},"this_security_group_id":{"expression":{"references":["aws_security_group.this","aws_security_group.this_name_prefix"]},"description":"The ID of the security group"},"this_security_group_name":{"expression":{"references":["aws_security_group.this","aws_security_group.this_name_prefix"]},"description":"The name of the security group"},"this_security_group_owner_id":{"expression":{"references":["aws_security_group.this","aws_security_group.this_name_prefix"]},"description":"The owner ID"},"this_security_group_vpc_id":{"expression":{"references":["aws_security_group.this","aws_security_group.this_name_prefix"]},"description":"The VPC ID"}},"resources":[{"address":"aws_security_group.this","mode":"managed","type":"aws_security_group","name":"this","provider_config_key":"atlantis_sg:aws","expressions":{"description":{"references":["var.description"]},"name":{"references":["var.name"]},"revoke_rules_on_delete":{"references":["var.revoke_rules_on_delete"]},"tags":{"references":["var.name","var.tags"]},"vpc_id":{"references":["var.vpc_id"]}},"schema_version":1,"count_expression":{"references":["var.create","var.use_name_prefix"]},"raw_data":{"FileName":".terraform/modules/atlantis.atlantis_sg/main.tf","StartLine":15,"EndLine":29}},{"address":"aws_security_group.this_name_prefix","mode":"managed","type":"aws_security_group","name":"this_name_prefix","provider_config_key":"atlantis_sg:aws","expressions":{"description":{"references":["var.description"]},"name_prefix":{"references":["var.name"]},"revoke_rules_on_delete":{"references":["var.revoke_rules_on_delete"]},"tags":{"references":["var.name","var.tags"]},"vpc_id":{"references":["var.vpc_id"]}},"schema_version":1,"count_expression":{"references":["var.create","var.use_name_prefix"]},"raw_data":{"FileName":".terraform/modules/atlantis.atlantis_sg/main.tf","StartLine":34,"EndLine":52}},{"address":"aws_security_group_rule.computed_egress_rules","mode":"managed","type":"aws_security_group_rule","name":"computed_egress_rules","provider_config_key":"atlantis_sg:aws","expressions":{"cidr_blocks":{"references":["var.egress_cidr_blocks"]},"description":{"references":["var.rules","var.computed_egress_rules","count.index"]},"from_port":{"references":["var.rules","var.computed_egress_rules","count.index"]},"ipv6_cidr_blocks":{"references":["var.egress_ipv6_cidr_blocks"]},"prefix_list_ids":{"references":["var.egress_prefix_list_ids"]},"protocol":{"references":["var.rules","var.computed_egress_rules","count.index"]},"security_group_id":{"references":["local.this_sg_id"]},"to_port":{"references":["var.rules","var.computed_egress_rules","count.index"]},"type":{"constant_value":"egress"}},"schema_version":2,"count_expression":{"references":["var.create","var.number_of_computed_egress_rules"]},"raw_data":{"FileName":".terraform/modules/atlantis.atlantis_sg/main.tf","StartLine":451,"EndLine":465}},{"address":"aws_security_group_rule.computed_egress_with_cidr_blocks","mode":"managed","type":"aws_security_group_rule","name":"computed_egress_with_cidr_blocks","provider_config_key":"atlantis_sg:aws","expressions":{"cidr_blocks":{"references":["var.computed_egress_with_cidr_blocks","count.index","var.egress_cidr_blocks"]},"description":{"references":["var.computed_egress_with_cidr_blocks","count.index"]},"from_port":{"references":["var.computed_egress_with_cidr_blocks","count.index","var.rules","var.computed_egress_with_cidr_blocks","count.index"]},"prefix_list_ids":{"references":["var.egress_prefix_list_ids"]},"protocol":{"references":["var.computed_egress_with_cidr_blocks","count.index","var.rules","var.computed_egress_with_cidr_blocks","count.index"]},"security_group_id":{"references":["local.this_sg_id"]},"to_port":{"references":["var.computed_egress_with_cidr_blocks","count.index","var.rules","var.computed_egress_with_cidr_blocks","count.index"]},"type":{"constant_value":"egress"}},"schema_version":2,"count_expression":{"references":["var.create","var.number_of_computed_egress_with_cidr_blocks"]},"raw_data":{"FileName":".terraform/modules/atlantis.atlantis_sg/main.tf","StartLine":598,"EndLine":646}},{"address":"aws_security_group_rule.computed_egress_with_ipv6_cidr_blocks","mode":"managed","type":"aws_security_group_rule","name":"computed_egress_with_ipv6_cidr_blocks","provider_config_key":"atlantis_sg:aws","expressions":{"description":{"references":["var.computed_egress_with_ipv6_cidr_blocks","count.index"]},"from_port":{"references":["var.computed_egress_with_ipv6_cidr_blocks","count.index","var.rules","var.computed_egress_with_ipv6_cidr_blocks","count.index"]},"ipv6_cidr_blocks":{"references":["var.computed_egress_with_ipv6_cidr_blocks","count.index","var.egress_ipv6_cidr_blocks"]},"prefix_list_ids":{"references":["var.egress_prefix_list_ids"]},"protocol":{"references":["var.computed_egress_with_ipv6_cidr_blocks","count.index","var.rules","var.computed_egress_with_ipv6_cidr_blocks","count.index"]},"security_group_id":{"references":["local.this_sg_id"]},"to_port":{"references":["var.computed_egress_with_ipv6_cidr_blocks","count.index","var.rules","var.computed_egress_with_ipv6_cidr_blocks","count.index"]},"type":{"constant_value":"egress"}},"schema_version":2,"count_expression":{"references":["var.create","var.number_of_computed_egress_with_ipv6_cidr_blocks"]},"raw_data":{"FileName":".terraform/modules/atlantis.atlantis_sg/main.tf","StartLine":688,"EndLine":736}},{"address":"aws_security_group_rule.computed_egress_with_self","mode":"managed","type":"aws_security_group_rule","name":"computed_egress_with_self","provider_config_key":"atlantis_sg:aws","expressions":{"description":{"references":["var.computed_egress_with_self","count.index"]},"from_port":{"references":["var.computed_egress_with_self","count.index","var.rules","var.computed_egress_with_self","count.index"]},"prefix_list_ids":{"references":["var.egress_prefix_list_ids"]},"protocol":{"references":["var.computed_egress_with_self","count.index","var.rules","var.computed_egress_with_self","count.index"]},"security_group_id":{"references":["local.this_sg_id"]},"self":{"references":["var.computed_egress_with_self","count.index"]},"to_port":{"references":["var.computed_egress_with_self","count.index","var.rules","var.computed_egress_with_self","count.index"]},"type":{"constant_value":"egress"}},"schema_version":2,"count_expression":{"references":["var.create","var.number_of_computed_egress_with_self"]},"raw_data":{"FileName":".terraform/modules/atlantis.atlantis_sg/main.tf","StartLine":771,"EndLine":800}},{"address":"aws_security_group_rule.computed_egress_with_source_security_group_id","mode":"managed","type":"aws_security_group_rule","name":"computed_egress_with_source_security_group_id","provider_config_key":"atlantis_sg:aws","expressions":{"description":{"references":["var.computed_egress_with_source_security_group_id","count.index"]},"from_port":{"references":["var.computed_egress_with_source_security_group_id","count.index","var.rules","var.computed_egress_with_source_security_group_id","count.index"]},"prefix_list_ids":{"references":["var.egress_prefix_list_ids"]},"protocol":{"references":["var.computed_egress_with_source_security_group_id","count.index","var.rules","var.computed_egress_with_source_security_group_id","count.index"]},"security_group_id":{"references":["local.this_sg_id"]},"source_security_group_id":{"references":["var.computed_egress_with_source_security_group_id","count.index"]},"to_port":{"references":["var.computed_egress_with_source_security_group_id","count.index","var.rules","var.computed_egress_with_source_security_group_id","count.index"]},"type":{"constant_value":"egress"}},"schema_version":2,"count_expression":{"references":["var.create","var.number_of_computed_egress_with_source_security_group_id"]},"raw_data":{"FileName":".terraform/modules/atlantis.atlantis_sg/main.tf","StartLine":515,"EndLine":556}},{"address":"aws_security_group_rule.computed_ingress_rules","mode":"managed","type":"aws_security_group_rule","name":"computed_ingress_rules","provider_config_key":"atlantis_sg:aws","expressions":{"cidr_blocks":{"references":["var.ingress_cidr_blocks"]},"description":{"references":["var.rules","var.computed_ingress_rules","count.index"]},"from_port":{"references":["var.rules","var.computed_ingress_rules","count.index"]},"ipv6_cidr_blocks":{"references":["var.ingress_ipv6_cidr_blocks"]},"prefix_list_ids":{"references":["var.ingress_prefix_list_ids"]},"protocol":{"references":["var.rules","var.computed_ingress_rules","count.index"]},"security_group_id":{"references":["local.this_sg_id"]},"to_port":{"references":["var.rules","var.computed_ingress_rules","count.index"]},"type":{"constant_value":"ingress"}},"schema_version":2,"count_expression":{"references":["var.create","var.number_of_computed_ingress_rules"]},"raw_data":{"FileName":".terraform/modules/atlantis.atlantis_sg/main.tf","StartLine":75,"EndLine":89}},{"address":"aws_security_group_rule.computed_ingress_with_cidr_blocks","mode":"managed","type":"aws_security_group_rule","name":"computed_ingress_with_cidr_blocks","provider_config_key":"atlantis_sg:aws","expressions":{"cidr_blocks":{"references":["var.computed_ingress_with_cidr_blocks","count.index","var.ingress_cidr_blocks"]},"description":{"references":["var.computed_ingress_with_cidr_blocks","count.index"]},"from_port":{"references":["var.computed_ingress_with_cidr_blocks","count.index","var.rules","var.computed_ingress_with_cidr_blocks","count.index"]},"prefix_list_ids":{"references":["var.ingress_prefix_list_ids"]},"protocol":{"references":["var.computed_ingress_with_cidr_blocks","count.index","var.rules","var.computed_ingress_with_cidr_blocks","count.index"]},"security_group_id":{"references":["local.this_sg_id"]},"to_port":{"references":["var.computed_ingress_with_cidr_blocks","count.index","var.rules","var.computed_ingress_with_cidr_blocks","count.index"]},"type":{"constant_value":"ingress"}},"schema_version":2,"count_expression":{"references":["var.create","var.number_of_computed_ingress_with_cidr_blocks"]},"raw_data":{"FileName":".terraform/modules/atlantis.atlantis_sg/main.tf","StartLine":222,"EndLine":270}},{"address":"aws_security_group_rule.computed_ingress_with_ipv6_cidr_blocks","mode":"managed","type":"aws_security_group_rule","name":"computed_ingress_with_ipv6_cidr_blocks","provider_config_key":"atlantis_sg:aws","expressions":{"description":{"references":["var.computed_ingress_with_ipv6_cidr_blocks","count.index"]},"from_port":{"references":["var.computed_ingress_with_ipv6_cidr_blocks","count.index","var.rules","var.computed_ingress_with_ipv6_cidr_blocks","count.index"]},"ipv6_cidr_blocks":{"references":["var.computed_ingress_with_ipv6_cidr_blocks","count.index","var.ingress_ipv6_cidr_blocks"]},"prefix_list_ids":{"references":["var.ingress_prefix_list_ids"]},"protocol":{"references":["var.computed_ingress_with_ipv6_cidr_blocks","count.index","var.rules","var.computed_ingress_with_ipv6_cidr_blocks","count.index"]},"security_group_id":{"references":["local.this_sg_id"]},"to_port":{"references":["var.computed_ingress_with_ipv6_cidr_blocks","count.index","var.rules","var.computed_ingress_with_ipv6_cidr_blocks","count.index"]},"type":{"constant_value":"ingress"}},"schema_version":2,"count_expression":{"references":["var.create","var.number_of_computed_ingress_with_ipv6_cidr_blocks"]},"raw_data":{"FileName":".terraform/modules/atlantis.atlantis_sg/main.tf","StartLine":312,"EndLine":360}},{"address":"aws_security_group_rule.computed_ingress_with_self","mode":"managed","type":"aws_security_group_rule","name":"computed_ingress_with_self","provider_config_key":"atlantis_sg:aws","expressions":{"description":{"references":["var.computed_ingress_with_self","count.index"]},"from_port":{"references":["var.computed_ingress_with_self","count.index","var.rules","var.computed_ingress_with_self","count.index"]},"prefix_list_ids":{"references":["var.ingress_prefix_list_ids"]},"protocol":{"references":["var.computed_ingress_with_self","count.index","var.rules","var.computed_ingress_with_self","count.index"]},"security_group_id":{"references":["local.this_sg_id"]},"self":{"references":["var.computed_ingress_with_self","count.index"]},"to_port":{"references":["var.computed_ingress_with_self","count.index","var.rules","var.computed_ingress_with_self","count.index"]},"type":{"constant_value":"ingress"}},"schema_version":2,"count_expression":{"references":["var.create","var.number_of_computed_ingress_with_self"]},"raw_data":{"FileName":".terraform/modules/atlantis.atlantis_sg/main.tf","StartLine":395,"EndLine":424}},{"address":"aws_security_group_rule.computed_ingress_with_source_security_group_id","mode":"managed","type":"aws_security_group_rule","name":"computed_ingress_with_source_security_group_id","provider_config_key":"atlantis_sg:aws","expressions":{"description":{"references":["var.computed_ingress_with_source_security_group_id","count.index"]},"from_port":{"references":["var.computed_ingress_with_source_security_group_id","count.index","var.rules","var.computed_ingress_with_source_security_group_id","count.index"]},"prefix_list_ids":{"references":["var.ingress_prefix_list_ids"]},"protocol":{"references":["var.computed_ingress_with_source_security_group_id","count.index","var.rules","var.computed_ingress_with_source_security_group_id","count.index"]},"security_group_id":{"references":["local.this_sg_id"]},"source_security_group_id":{"references":["var.computed_ingress_with_source_security_group_id","count.index"]},"to_port":{"references":["var.computed_ingress_with_source_security_group_id","count.index","var.rules","var.computed_ingress_with_source_security_group_id","count.index"]},"type":{"constant_value":"ingress"}},"schema_version":2,"count_expression":{"references":["var.create","var.number_of_computed_ingress_with_source_security_group_id"]},"raw_data":{"FileName":".terraform/modules/atlantis.atlantis_sg/main.tf","StartLine":139,"EndLine":180}},{"address":"aws_security_group_rule.egress_rules","mode":"managed","type":"aws_security_group_rule","name":"egress_rules","provider_config_key":"atlantis_sg:aws","expressions":{"cidr_blocks":{"references":["var.egress_cidr_blocks"]},"description":{"references":["var.rules","var.egress_rules","count.index"]},"from_port":{"references":["var.rules","var.egress_rules","count.index"]},"ipv6_cidr_blocks":{"references":["var.egress_ipv6_cidr_blocks"]},"prefix_list_ids":{"references":["var.egress_prefix_list_ids"]},"protocol":{"references":["var.rules","var.egress_rules","count.index"]},"security_group_id":{"references":["local.this_sg_id"]},"to_port":{"references":["var.rules","var.egress_rules","count.index"]},"type":{"constant_value":"egress"}},"schema_version":2,"count_expression":{"references":["var.create","var.egress_rules"]},"raw_data":{"FileName":".terraform/modules/atlantis.atlantis_sg/main.tf","StartLine":434,"EndLine":448}},{"address":"aws_security_group_rule.egress_with_cidr_blocks","mode":"managed","type":"aws_security_group_rule","name":"egress_with_cidr_blocks","provider_config_key":"atlantis_sg:aws","expressions":{"cidr_blocks":{"references":["var.egress_with_cidr_blocks","count.index","var.egress_cidr_blocks"]},"description":{"references":["var.egress_with_cidr_blocks","count.index"]},"from_port":{"references":["var.egress_with_cidr_blocks","count.index","var.rules","var.egress_with_cidr_blocks","count.index"]},"prefix_list_ids":{"references":["var.egress_prefix_list_ids"]},"protocol":{"references":["var.egress_with_cidr_blocks","count.index","var.rules","var.egress_with_cidr_blocks","count.index"]},"security_group_id":{"references":["local.this_sg_id"]},"to_port":{"references":["var.egress_with_cidr_blocks","count.index","var.rules","var.egress_with_cidr_blocks","count.index"]},"type":{"constant_value":"egress"}},"schema_version":2,"count_expression":{"references":["var.create","var.egress_with_cidr_blocks"]},"raw_data":{"FileName":".terraform/modules/atlantis.atlantis_sg/main.tf","StartLine":559,"EndLine":595}},{"address":"aws_security_group_rule.egress_with_ipv6_cidr_blocks","mode":"managed","type":"aws_security_group_rule","name":"egress_with_ipv6_cidr_blocks","provider_config_key":"atlantis_sg:aws","expressions":{"description":{"references":["var.egress_with_ipv6_cidr_blocks","count.index"]},"from_port":{"references":["var.egress_with_ipv6_cidr_blocks","count.index","var.rules","var.egress_with_ipv6_cidr_blocks","count.index"]},"ipv6_cidr_blocks":{"references":["var.egress_with_ipv6_cidr_blocks","count.index","var.egress_ipv6_cidr_blocks"]},"prefix_list_ids":{"references":["var.egress_prefix_list_ids"]},"protocol":{"references":["var.egress_with_ipv6_cidr_blocks","count.index","var.rules","var.egress_with_ipv6_cidr_blocks","count.index"]},"security_group_id":{"references":["local.this_sg_id"]},"to_port":{"references":["var.egress_with_ipv6_cidr_blocks","count.index","var.rules","var.egress_with_ipv6_cidr_blocks","count.index"]},"type":{"constant_value":"egress"}},"schema_version":2,"count_expression":{"references":["var.create","var.egress_with_ipv6_cidr_blocks"]},"raw_data":{"FileName":".terraform/modules/atlantis.atlantis_sg/main.tf","StartLine":649,"EndLine":685}},{"address":"aws_security_group_rule.egress_with_self","mode":"managed","type":"aws_security_group_rule","name":"egress_with_self","provider_config_key":"atlantis_sg:aws","expressions":{"description":{"references":["var.egress_with_self","count.index"]},"from_port":{"references":["var.egress_with_self","count.index","var.rules","var.egress_with_self","count.index"]},"prefix_list_ids":{"references":["var.egress_prefix_list_ids"]},"protocol":{"references":["var.egress_with_self","count.index","var.rules","var.egress_with_self","count.index"]},"security_group_id":{"references":["local.this_sg_id"]},"self":{"references":["var.egress_with_self","count.index"]},"to_port":{"references":["var.egress_with_self","count.index","var.rules","var.egress_with_self","count.index"]},"type":{"constant_value":"egress"}},"schema_version":2,"count_expression":{"references":["var.create","var.egress_with_self"]},"raw_data":{"FileName":".terraform/modules/atlantis.atlantis_sg/main.tf","StartLine":739,"EndLine":768}},{"address":"aws_security_group_rule.egress_with_source_security_group_id","mode":"managed","type":"aws_security_group_rule","name":"egress_with_source_security_group_id","provider_config_key":"atlantis_sg:aws","expressions":{"description":{"references":["var.egress_with_source_security_group_id","count.index"]},"from_port":{"references":["var.egress_with_source_security_group_id","count.index","var.rules","var.egress_with_source_security_group_id","count.index"]},"prefix_list_ids":{"references":["var.egress_prefix_list_ids"]},"protocol":{"references":["var.egress_with_source_security_group_id","count.index","var.rules","var.egress_with_source_security_group_id","count.index"]},"security_group_id":{"references":["local.this_sg_id"]},"source_security_group_id":{"references":["var.egress_with_source_security_group_id","count.index"]},"to_port":{"references":["var.egress_with_source_security_group_id","count.index","var.rules","var.egress_with_source_security_group_id","count.index"]},"type":{"constant_value":"egress"}},"schema_version":2,"count_expression":{"references":["var.create","var.egress_with_source_security_group_id"]},"raw_data":{"FileName":".terraform/modules/atlantis.atlantis_sg/main.tf","StartLine":471,"EndLine":512}},{"address":"aws_security_group_rule.ingress_rules","mode":"managed","type":"aws_security_group_rule","name":"ingress_rules","provider_config_key":"atlantis_sg:aws","expressions":{"cidr_blocks":{"references":["var.ingress_cidr_blocks"]},"description":{"references":["var.rules","var.ingress_rules","count.index"]},"from_port":{"references":["var.rules","var.ingress_rules","count.index"]},"ipv6_cidr_blocks":{"references":["var.ingress_ipv6_cidr_blocks"]},"prefix_list_ids":{"references":["var.ingress_prefix_list_ids"]},"protocol":{"references":["var.rules","var.ingress_rules","count.index"]},"security_group_id":{"references":["local.this_sg_id"]},"to_port":{"references":["var.rules","var.ingress_rules","count.index"]},"type":{"constant_value":"ingress"}},"schema_version":2,"count_expression":{"references":["var.create","var.ingress_rules"]},"raw_data":{"FileName":".terraform/modules/atlantis.atlantis_sg/main.tf","StartLine":58,"EndLine":72}},{"address":"aws_security_group_rule.ingress_with_cidr_blocks","mode":"managed","type":"aws_security_group_rule","name":"ingress_with_cidr_blocks","provider_config_key":"atlantis_sg:aws","expressions":{"cidr_blocks":{"references":["var.ingress_with_cidr_blocks","count.index","var.ingress_cidr_blocks"]},"description":{"references":["var.ingress_with_cidr_blocks","count.index"]},"from_port":{"references":["var.ingress_with_cidr_blocks","count.index","var.rules","var.ingress_with_cidr_blocks","count.index"]},"prefix_list_ids":{"references":["var.ingress_prefix_list_ids"]},"protocol":{"references":["var.ingress_with_cidr_blocks","count.index","var.rules","var.ingress_with_cidr_blocks","count.index"]},"security_group_id":{"references":["local.this_sg_id"]},"to_port":{"references":["var.ingress_with_cidr_blocks","count.index","var.rules","var.ingress_with_cidr_blocks","count.index"]},"type":{"constant_value":"ingress"}},"schema_version":2,"count_expression":{"references":["var.create","var.ingress_with_cidr_blocks"]},"raw_data":{"FileName":".terraform/modules/atlantis.atlantis_sg/main.tf","StartLine":183,"EndLine":219}},{"address":"aws_security_group_rule.ingress_with_ipv6_cidr_blocks","mode":"managed","type":"aws_security_group_rule","name":"ingress_with_ipv6_cidr_blocks","provider_config_key":"atlantis_sg:aws","expressions":{"description":{"references":["var.ingress_with_ipv6_cidr_blocks","count.index"]},"from_port":{"references":["var.ingress_with_ipv6_cidr_blocks","count.index","var.rules","var.ingress_with_ipv6_cidr_blocks","count.index"]},"ipv6_cidr_blocks":{"references":["var.ingress_with_ipv6_cidr_blocks","count.index","var.ingress_ipv6_cidr_blocks"]},"prefix_list_ids":{"references":["var.ingress_prefix_list_ids"]},"protocol":{"references":["var.ingress_with_ipv6_cidr_blocks","count.index","var.rules","var.ingress_with_ipv6_cidr_blocks","count.index"]},"security_group_id":{"references":["local.this_sg_id"]},"to_port":{"references":["var.ingress_with_ipv6_cidr_blocks","count.index","var.rules","var.ingress_with_ipv6_cidr_blocks","count.index"]},"type":{"constant_value":"ingress"}},"schema_version":2,"count_expression":{"references":["var.create","var.ingress_with_ipv6_cidr_blocks"]},"raw_data":{"FileName":".terraform/modules/atlantis.atlantis_sg/main.tf","StartLine":273,"EndLine":309}},{"address":"aws_security_group_rule.ingress_with_self","mode":"managed","type":"aws_security_group_rule","name":"ingress_with_self","provider_config_key":"atlantis_sg:aws","expressions":{"description":{"references":["var.ingress_with_self","count.index"]},"from_port":{"references":["var.ingress_with_self","count.index","var.rules","var.ingress_with_self","count.index"]},"prefix_list_ids":{"references":["var.ingress_prefix_list_ids"]},"protocol":{"references":["var.ingress_with_self","count.index","var.rules","var.ingress_with_self","count.index"]},"security_group_id":{"references":["local.this_sg_id"]},"self":{"references":["var.ingress_with_self","count.index"]},"to_port":{"references":["var.ingress_with_self","count.index","var.rules","var.ingress_with_self","count.index"]},"type":{"constant_value":"ingress"}},"schema_version":2,"count_expression":{"references":["var.create","var.ingress_with_self"]},"raw_data":{"FileName":".terraform/modules/atlantis.atlantis_sg/main.tf","StartLine":363,"EndLine":392}},{"address":"aws_security_group_rule.ingress_with_source_security_group_id","mode":"managed","type":"aws_security_group_rule","name":"ingress_with_source_security_group_id","provider_config_key":"atlantis_sg:aws","expressions":{"description":{"references":["var.ingress_with_source_security_group_id","count.index"]},"from_port":{"references":["var.ingress_with_source_security_group_id","count.index","var.rules","var.ingress_with_source_security_group_id","count.index"]},"prefix_list_ids":{"references":["var.ingress_prefix_list_ids"]},"protocol":{"references":["var.ingress_with_source_security_group_id","count.index","var.rules","var.ingress_with_source_security_group_id","count.index"]},"security_group_id":{"references":["local.this_sg_id"]},"source_security_group_id":{"references":["var.ingress_with_source_security_group_id","count.index"]},"to_port":{"references":["var.ingress_with_source_security_group_id","count.index","var.rules","var.ingress_with_source_security_group_id","count.index"]},"type":{"constant_value":"ingress"}},"schema_version":2,"count_expression":{"references":["var.create","var.ingress_with_source_security_group_id"]},"raw_data":{"FileName":".terraform/modules/atlantis.atlantis_sg/main.tf","StartLine":95,"EndLine":136}}],"variables":{"auto_groups":{"default":{"activemq":{"egress_rules":["all-all"],"ingress_rules":["activemq-5671-tcp","activemq-8883-tcp","activemq-61614-tcp","activemq-61617-tcp","activemq-61619-tcp"],"ingress_with_self":["all-all"]},"alertmanager":{"egress_rules":["all-all"],"ingress_rules":["alertmanager-9093-tcp","alertmanager-9094-tcp"],"ingress_with_self":["all-all"]},"carbon-relay-ng":{"egress_rules":["all-all"],"ingress_rules":["carbon-line-in-tcp","carbon-line-in-udp","carbon-pickle-tcp","carbon-pickle-udp","carbon-gui-udp"],"ingress_with_self":["all-all"]},"cassandra":{"egress_rules":["all-all"],"ingress_rules":["cassandra-clients-tcp","cassandra-thrift-clients-tcp","cassandra-jmx-tcp"],"ingress_with_self":["all-all"]},"consul":{"egress_rules":["all-all"],"ingress_rules":["consul-tcp","consul-cli-rpc-tcp","consul-webui-tcp","consul-dns-tcp","consul-dns-udp","consul-serf-lan-tcp","consul-serf-lan-udp","consul-serf-wan-tcp","consul-serf-wan-udp"],"ingress_with_self":["all-all"]},"docker-swarm":{"egress_rules":["all-all"],"ingress_rules":["docker-swarm-mngmt-tcp","docker-swarm-node-tcp","docker-swarm-node-udp","docker-swarm-overlay-udp"],"ingress_with_self":["all-all"]},"elasticsearch":{"egress_rules":["all-all"],"ingress_rules":["elasticsearch-rest-tcp","elasticsearch-java-tcp"],"ingress_with_self":["all-all"]},"grafana":{"egress_rules":["all-all"],"ingress_rules":["grafana-tcp"],"ingress_with_self":["all-all"]},"graphite-statsd":{"egress_rules":["all-all"],"ingress_rules":["graphite-webui","graphite-2003-tcp","graphite-2004-tcp","graphite-2023-tcp","graphite-2024-tcp","graphite-8080-tcp","graphite-8125-tcp","graphite-8125-udp","graphite-8126-tcp"],"ingress_with_self":["all-all"]},"http-80":{"egress_rules":["all-all"],"ingress_rules":["http-80-tcp"],"ingress_with_self":["all-all"]},"http-8080":{"egress_rules":["all-all"],"ingress_rules":["http-8080-tcp"],"ingress_with_self":["all-all"]},"https-443":{"egress_rules":["all-all"],"ingress_rules":["https-443-tcp"],"ingress_with_self":["all-all"]},"https-8443":{"egress_rules":["all-all"],"ingress_rules":["https-8443-tcp"],"ingress_with_self":["all-all"]},"ipsec-4500":{"egress_rules":["all-all"],"ingress_rules":["ipsec-4500-udp"],"ingress_with_self":["all-all"]},"ipsec-500":{"egress_rules":["all-all"],"ingress_rules":["ipsec-500-udp"],"ingress_with_self":["all-all"]},"kafka":{"egress_rules":["all-all"],"ingress_rules":["kafka-broker-tcp","kafka-broker-tls-tcp","kafka-jmx-exporter-tcp","kafka-node-exporter-tcp"],"ingress_with_self":["all-all"]},"kibana":{"egress_rules":["all-all"],"ingress_rules":["kibana-tcp"],"ingress_with_self":["all-all"]},"kubernetes-api":{"egress_rules":["all-all"],"ingress_rules":["kubernetes-api-tcp"],"ingress_with_self":["all-all"]},"ldap":{"egress_rules":["all-all"],"ingress_rules":["ldap-tcp"],"ingress_with_self":["all-all"]},"ldaps":{"egress_rules":["all-all"],"ingress_rules":["ldaps-tcp"],"ingress_with_self":["all-all"]},"logstash":{"egress_rules":["all-all"],"ingress_rules":["logstash-tcp"],"ingress_with_self":["all-all"]},"memcached":{"egress_rules":["all-all"],"ingress_rules":["memcached-tcp"],"ingress_with_self":["all-all"]},"minio":{"egress_rules":["all-all"],"ingress_rules":["minio-tcp"],"ingress_with_self":["all-all"]},"mongodb":{"egress_rules":["all-all"],"ingress_rules":["mongodb-27017-tcp","mongodb-27018-tcp","mongodb-27019-tcp"],"ingress_with_self":["all-all"]},"mssql":{"egress_rules":["all-all"],"ingress_rules":["mssql-tcp","mssql-udp","mssql-analytics-tcp","mssql-broker-tcp"],"ingress_with_self":["all-all"]},"mysql":{"egress_rules":["all-all"],"ingress_rules":["mysql-tcp"],"ingress_with_self":["all-all"]},"nfs":{"egress_rules":["all-all"],"ingress_rules":["nfs-tcp"],"ingress_with_self":["all-all"]},"nomad":{"egress_rules":["all-all"],"ingress_rules":["nomad-http-tcp","nomad-rpc-tcp","nomad-serf-tcp","nomad-serf-udp"],"ingress_with_self":["all-all"]},"ntp":{"egress_rules":["all-all"],"ingress_rules":["ntp-udp"],"ingress_with_self":["all-all"]},"openvpn":{"egress_rules":["all-all"],"ingress_rules":["openvpn-udp","openvpn-tcp","openvpn-https-tcp"],"ingress_with_self":["all-all"]},"oracle-db":{"egress_rules":["all-all"],"ingress_rules":["oracle-db-tcp"],"ingress_with_self":["all-all"]},"postgresql":{"egress_rules":["all-all"],"ingress_rules":["postgresql-tcp"],"ingress_with_self":["all-all"]},"prometheus":{"egress_rules":["all-all"],"ingress_rules":["prometheus-http-tcp","prometheus-pushgateway-http-tcp"],"ingress_with_self":["all-all"]},"puppet":{"egress_rules":["all-all"],"ingress_rules":["puppet-tcp","puppetdb-tcp"],"ingress_with_self":["all-all"]},"rabbitmq":{"egress_rules":["all-all"],"ingress_rules":["rabbitmq-4369-tcp","rabbitmq-5671-tcp","rabbitmq-5672-tcp","rabbitmq-15672-tcp","rabbitmq-25672-tcp"],"ingress_with_self":["all-all"]},"rdp":{"egress_rules":["all-all"],"ingress_rules":["rdp-tcp","rdp-udp"],"ingress_with_self":["all-all"]},"redis":{"egress_rules":["all-all"],"ingress_rules":["redis-tcp"],"ingress_with_self":["all-all"]},"redshift":{"egress_rules":["all-all"],"ingress_rules":["redshift-tcp"],"ingress_with_self":["all-all"]},"solr":{"egress_rules":["all-all"],"ingress_rules":["solr-tcp"],"ingress_with_self":["all-all"]},"splunk":{"egress_rules":["all-all"],"ingress_rules":["splunk-indexer-tcp","splunk-clients-tcp","splunk-splunkd-tcp","splunk-hec-tcp"],"ingress_with_self":["all-all"]},"squid":{"egress_rules":["all-all"],"ingress_rules":["squid-proxy-tcp"],"ingress_with_self":["all-all"]},"ssh":{"egress_rules":["all-all"],"ingress_rules":["ssh-tcp"],"ingress_with_self":["all-all"]},"storm":{"egress_rules":["all-all"],"ingress_rules":["storm-nimbus-tcp","storm-ui-tcp","storm-supervisor-tcp"],"ingress_with_self":["all-all"]},"web":{"egress_rules":["all-all"],"ingress_rules":["http-80-tcp","http-8080-tcp","https-443-tcp","web-jmx-tcp"],"ingress_with_self":["all-all"]},"winrm":{"egress_rules":["all-all"],"ingress_rules":["winrm-http-tcp","winrm-https-tcp"],"ingress_with_self":["all-all"]},"zipkin":{"egress_rules":["all-all"],"ingress_rules":["zipkin-admin-tcp","zipkin-admin-query-tcp","zipkin-admin-web-tcp","zipkin-query-tcp","zipkin-web-tcp"],"ingress_with_self":["all-all"]},"zookeeper":{"egress_rules":["all-all"],"ingress_rules":["zookeeper-2181-tcp","zookeeper-2888-tcp","zookeeper-3888-tcp","zookeeper-jmx-tcp"],"ingress_with_self":["all-all"]}},"description":"Map of groups of security group rules to use to generate modules (see update_groups.sh)"},"computed_egress_rules":{"default":[],"description":"List of computed egress rules to create by name"},"computed_egress_with_cidr_blocks":{"default":[],"description":"List of computed egress rules to create where 'cidr_blocks' is used"},"computed_egress_with_ipv6_cidr_blocks":{"default":[],"description":"List of computed egress rules to create where 'ipv6_cidr_blocks' is used"},"computed_egress_with_self":{"default":[],"description":"List of computed egress rules to create where 'self' is defined"},"computed_egress_with_source_security_group_id":{"default":[],"description":"List of computed egress rules to create where 'source_security_group_id' is used"},"computed_ingress_rules":{"default":[],"description":"List of computed ingress rules to create by name"},"computed_ingress_with_cidr_blocks":{"default":[],"description":"List of computed ingress rules to create where 'cidr_blocks' is used"},"computed_ingress_with_ipv6_cidr_blocks":{"default":[],"description":"List of computed ingress rules to create where 'ipv6_cidr_blocks' is used"},"computed_ingress_with_self":{"default":[],"description":"List of computed ingress rules to create where 'self' is defined"},"computed_ingress_with_source_security_group_id":{"default":[],"description":"List of computed ingress rules to create where 'source_security_group_id' is used"},"create":{"default":true,"description":"Whether to create security group and all rules"},"description":{"default":"Security Group managed by Terraform","description":"Description of security group"},"egress_cidr_blocks":{"default":["0.0.0.0/0"],"description":"List of IPv4 CIDR ranges to use on all egress rules"},"egress_ipv6_cidr_blocks":{"default":["::/0"],"description":"List of IPv6 CIDR ranges to use on all egress rules"},"egress_prefix_list_ids":{"default":[],"description":"List of prefix list IDs (for allowing access to VPC endpoints) to use on all egress rules"},"egress_rules":{"default":[],"description":"List of egress rules to create by name"},"egress_with_cidr_blocks":{"default":[],"description":"List of egress rules to create where 'cidr_blocks' is used"},"egress_with_ipv6_cidr_blocks":{"default":[],"description":"List of egress rules to create where 'ipv6_cidr_blocks' is used"},"egress_with_self":{"default":[],"description":"List of egress rules to create where 'self' is defined"},"egress_with_source_security_group_id":{"default":[],"description":"List of egress rules to create where 'source_security_group_id' is used"},"ingress_cidr_blocks":{"default":[],"description":"List of IPv4 CIDR ranges to use on all ingress rules"},"ingress_ipv6_cidr_blocks":{"default":[],"description":"List of IPv6 CIDR ranges to use on all ingress rules"},"ingress_prefix_list_ids":{"default":[],"description":"List of prefix list IDs (for allowing access to VPC endpoints) to use on all ingress rules"},"ingress_rules":{"default":[],"description":"List of ingress rules to create by name"},"ingress_with_cidr_blocks":{"default":[],"description":"List of ingress rules to create where 'cidr_blocks' is used"},"ingress_with_ipv6_cidr_blocks":{"default":[],"description":"List of ingress rules to create where 'ipv6_cidr_blocks' is used"},"ingress_with_self":{"default":[],"description":"List of ingress rules to create where 'self' is defined"},"ingress_with_source_security_group_id":{"default":[],"description":"List of ingress rules to create where 'source_security_group_id' is used"},"name":{"description":"Name of security group"},"number_of_computed_egress_rules":{"default":0,"description":"Number of computed egress rules to create by name"},"number_of_computed_egress_with_cidr_blocks":{"default":0,"description":"Number of computed egress rules to create where 'cidr_blocks' is used"},"number_of_computed_egress_with_ipv6_cidr_blocks":{"default":0,"description":"Number of computed egress rules to create where 'ipv6_cidr_blocks' is used"},"number_of_computed_egress_with_self":{"default":0,"description":"Number of computed egress rules to create where 'self' is defined"},"number_of_computed_egress_with_source_security_group_id":{"default":0,"description":"Number of computed egress rules to create where 'source_security_group_id' is used"},"number_of_computed_ingress_rules":{"default":0,"description":"Number of computed ingress rules to create by name"},"number_of_computed_ingress_with_cidr_blocks":{"default":0,"description":"Number of computed ingress rules to create where 'cidr_blocks' is used"},"number_of_computed_ingress_with_ipv6_cidr_blocks":{"default":0,"description":"Number of computed ingress rules to create where 'ipv6_cidr_blocks' is used"},"number_of_computed_ingress_with_self":{"default":0,"description":"Number of computed ingress rules to create where 'self' is defined"},"number_of_computed_ingress_with_source_security_group_id":{"default":0,"description":"Number of computed ingress rules to create where 'source_security_group_id' is used"},"revoke_rules_on_delete":{"default":false,"description":"Instruct Terraform to revoke all of the Security Groups attached ingress and egress rules before deleting the rule itself. Enable for EMR."},"rules":{"default":{"_":["","",""],"activemq-5671-tcp":["5671","5671","tcp","ActiveMQ AMQP"],"activemq-61614-tcp":["61614","61614","tcp","ActiveMQ STOMP"],"activemq-61617-tcp":["61617","61617","tcp","ActiveMQ OpenWire"],"activemq-61619-tcp":["61619","61619","tcp","ActiveMQ WebSocket"],"activemq-8883-tcp":["8883","8883","tcp","ActiveMQ MQTT"],"alertmanager-9093-tcp":["9093","9093","tcp","Alert Manager"],"alertmanager-9094-tcp":["9094","9094","tcp","Alert Manager Cluster"],"all-all":["-1","-1","-1","All protocols"],"all-icmp":["-1","-1","icmp","All IPV4 ICMP"],"all-ipv6-icmp":["-1","-1","58","All IPV6 ICMP"],"all-tcp":["0","65535","tcp","All TCP ports"],"all-udp":["0","65535","udp","All UDP ports"],"carbon-admin-tcp":["2004","2004","tcp","Carbon admin"],"carbon-gui-udp":["8081","8081","tcp","Carbon GUI"],"carbon-line-in-tcp":["2003","2003","tcp","Carbon line-in"],"carbon-line-in-udp":["2003","2003","udp","Carbon line-in"],"carbon-pickle-tcp":["2013","2013","tcp","Carbon pickle"],"carbon-pickle-udp":["2013","2013","udp","Carbon pickle"],"cassandra-clients-tcp":["9042","9042","tcp","Cassandra clients"],"cassandra-jmx-tcp":["7199","7199","tcp","JMX"],"cassandra-thrift-clients-tcp":["9160","9160","tcp","Cassandra Thrift clients"],"consul-cli-rpc-tcp":["8400","8400","tcp","Consul CLI RPC"],"consul-dns-tcp":["8600","8600","tcp","Consul DNS"],"consul-dns-udp":["8600","8600","udp","Consul DNS"],"consul-serf-lan-tcp":["8301","8301","tcp","Serf LAN"],"consul-serf-lan-udp":["8301","8301","udp","Serf LAN"],"consul-serf-wan-tcp":["8302","8302","tcp","Serf WAN"],"consul-serf-wan-udp":["8302","8302","udp","Serf WAN"],"consul-tcp":["8300","8300","tcp","Consul server"],"consul-webui-tcp":["8500","8500","tcp","Consul web UI"],"dns-tcp":["53","53","tcp","DNS"],"dns-udp":["53","53","udp","DNS"],"docker-swarm-mngmt-tcp":["2377","2377","tcp","Docker Swarm cluster management"],"docker-swarm-node-tcp":["7946","7946","tcp","Docker Swarm node"],"docker-swarm-node-udp":["7946","7946","udp","Docker Swarm node"],"docker-swarm-overlay-udp":["4789","4789","udp","Docker Swarm Overlay Network Traffic"],"elasticsearch-java-tcp":["9300","9300","tcp","Elasticsearch Java interface"],"elasticsearch-rest-tcp":["9200","9200","tcp","Elasticsearch REST interface"],"grafana-tcp":["3000","3000","tcp","Grafana Dashboard"],"graphite-2003-tcp":["2003","2003","tcp","Carbon receiver plain text"],"graphite-2004-tcp":["2004","2004","tcp","Carbon receiver pickle"],"graphite-2023-tcp":["2023","2023","tcp","Carbon aggregator plaintext"],"graphite-2024-tcp":["2024","2024","tcp","Carbon aggregator pickle"],"graphite-8080-tcp":["8080","8080","tcp","Graphite gunicorn port"],"graphite-8125-tcp":["8125","8125","tcp","Statsd TCP"],"graphite-8125-udp":["8125","8125","udp","Statsd UDP default"],"graphite-8126-tcp":["8126","8126","tcp","Statsd admin"],"graphite-webui":["80","80","tcp","Graphite admin interface"],"http-80-tcp":["80","80","tcp","HTTP"],"http-8080-tcp":["8080","8080","tcp","HTTP"],"https-443-tcp":["443","443","tcp","HTTPS"],"https-8443-tcp":["8443","8443","tcp","HTTPS"],"ipsec-4500-udp":["4500","4500","udp","IPSEC NAT-T"],"ipsec-500-udp":["500","500","udp","IPSEC ISAKMP"],"kafka-broker-tcp":["9092","9092","tcp","Kafka broker 0.8.2+"],"kafka-broker-tls-tcp":["9094","9094","tcp","Kafka TLS enabled broker 0.8.2+"],"kafka-jmx-exporter-tcp":["11001","11001","tcp","Kafka JMX Exporter"],"kafka-node-exporter-tcp":["11002","11002","tcp","Kafka Node Exporter"],"kibana-tcp":["5601","5601","tcp","Kibana Web Interface"],"kubernetes-api-tcp":["6443","6443","tcp","Kubernetes API Server"],"ldap-tcp":["389","389","tcp","LDAP"],"ldaps-tcp":["636","636","tcp","LDAPS"],"logstash-tcp":["5044","5044","tcp","Logstash"],"memcached-tcp":["11211","11211","tcp","Memcached"],"minio-tcp":["9000","9000","tcp","MinIO"],"mongodb-27017-tcp":["27017","27017","tcp","MongoDB"],"mongodb-27018-tcp":["27018","27018","tcp","MongoDB shard"],"mongodb-27019-tcp":["27019","27019","tcp","MongoDB config server"],"mssql-analytics-tcp":["2383","2383","tcp","MSSQL Analytics"],"mssql-broker-tcp":["4022","4022","tcp","MSSQL Broker"],"mssql-tcp":["1433","1433","tcp","MSSQL Server"],"mssql-udp":["1434","1434","udp","MSSQL Browser"],"mysql-tcp":["3306","3306","tcp","MySQL/Aurora"],"nfs-tcp":["2049","2049","tcp","NFS/EFS"],"nomad-http-tcp":["4646","4646","tcp","Nomad HTTP"],"nomad-rpc-tcp":["4647","4647","tcp","Nomad RPC"],"nomad-serf-tcp":["4648","4648","tcp","Serf"],"nomad-serf-udp":["4648","4648","udp","Serf"],"ntp-udp":["123","123","udp","NTP"],"openvpn-https-tcp":["443","443","tcp","OpenVPN"],"openvpn-tcp":["943","943","tcp","OpenVPN"],"openvpn-udp":["1194","1194","udp","OpenVPN"],"oracle-db-tcp":["1521","1521","tcp","Oracle"],"postgresql-tcp":["5432","5432","tcp","PostgreSQL"],"prometheus-http-tcp":["9090","9090","tcp","Prometheus"],"prometheus-pushgateway-http-tcp":["9091","9091","tcp","Prometheus Pushgateway"],"puppet-tcp":["8140","8140","tcp","Puppet"],"puppetdb-tcp":["8081","8081","tcp","PuppetDB"],"rabbitmq-15672-tcp":["15672","15672","tcp","RabbitMQ"],"rabbitmq-25672-tcp":["25672","25672","tcp","RabbitMQ"],"rabbitmq-4369-tcp":["4369","4369","tcp","RabbitMQ epmd"],"rabbitmq-5671-tcp":["5671","5671","tcp","RabbitMQ"],"rabbitmq-5672-tcp":["5672","5672","tcp","RabbitMQ"],"rdp-tcp":["3389","3389","tcp","Remote Desktop"],"rdp-udp":["3389","3389","udp","Remote Desktop"],"redis-tcp":["6379","6379","tcp","Redis"],"redshift-tcp":["5439","5439","tcp","Redshift"],"solr-tcp":["8983","8987","tcp","Solr"],"splunk-hec-tcp":["8088","8088","tcp","Splunk HEC"],"splunk-indexer-tcp":["9997","9997","tcp","Splunk indexer"],"splunk-splunkd-tcp":["8089","8089","tcp","Splunkd"],"splunk-web-tcp":["8000","8000","tcp","Splunk Web"],"squid-proxy-tcp":["3128","3128","tcp","Squid default proxy"],"ssh-tcp":["22","22","tcp","SSH"],"storm-nimbus-tcp":["6627","6627","tcp","Nimbus"],"storm-supervisor-tcp":["6700","6703","tcp","Supervisor"],"storm-ui-tcp":["8080","8080","tcp","Storm UI"],"web-jmx-tcp":["1099","1099","tcp","JMX"],"winrm-http-tcp":["5985","5985","tcp","WinRM HTTP"],"winrm-https-tcp":["5986","5986","tcp","WinRM HTTPS"],"zipkin-admin-query-tcp":["9901","9901","tcp","Zipkin Admin port query"],"zipkin-admin-tcp":["9990","9990","tcp","Zipkin Admin port collector"],"zipkin-admin-web-tcp":["9991","9991","tcp","Zipkin Admin port web"],"zipkin-query-tcp":["9411","9411","tcp","Zipkin query port"],"zipkin-web-tcp":["8080","8080","tcp","Zipkin web port"],"zookeeper-2181-tcp":["2181","2181","tcp","Zookeeper"],"zookeeper-2888-tcp":["2888","2888","tcp","Zookeeper"],"zookeeper-3888-tcp":["3888","3888","tcp","Zookeeper"],"zookeeper-jmx-tcp":["7199","7199","tcp","JMX"]},"description":"Map of known security group rules (define as 'name' = ['from port', 'to port', 'protocol', 'description'])"},"tags":{"default":{},"description":"A mapping of tags to assign to security group"},"use_name_prefix":{"default":true,"description":"Whether to use name_prefix or fixed name. Should be true to able to update security group name after initial creation"},"vpc_id":{"description":"ID of the VPC where to create security group"}}},"version_constraint":"v3.17.0","raw_data":{"FileName":".terraform/modules/atlantis/main.tf","StartLine":291,"EndLine":312}},"container_definition_bitbucket":{"source":"cloudposse/ecs-container-definition/aws","expressions":{"command":{"references":["var.command"]},"container_cpu":{"references":["var.ecs_task_cpu"]},"container_depends_on":{"references":["var.container_depends_on"]},"container_image":{"references":["local.atlantis_image"]},"container_memory":{"references":["var.ecs_task_memory"]},"container_memory_reservation":{"references":["var.container_memory_reservation"]},"container_name":{"references":["var.name"]},"docker_labels":{"references":["var.docker_labels"]},"entrypoint":{"references":["var.entrypoint"]},"environment":{"references":["local.container_definition_environment","var.custom_environment_variables"]},"essential":{"references":["var.essential"]},"firelens_configuration":{"references":["var.firelens_configuration"]},"log_configuration":{"references":["data.aws_region.current","aws_cloudwatch_log_group.atlantis"]},"mount_points":{"references":["var.mount_points"]},"port_mappings":{"references":["var.atlantis_port","var.atlantis_port"]},"readonly_root_filesystem":{"references":["var.readonly_root_filesystem"]},"repository_credentials":{"references":["var.repository_credentials"]},"secrets":{"references":["local.container_definition_secrets_1","var.custom_environment_secrets"]},"start_timeout":{"references":["var.start_timeout"]},"stop_timeout":{"references":["var.stop_timeout"]},"ulimits":{"references":["var.ulimits"]},"user":{"references":["var.user"]},"volumes_from":{"references":["var.volumes_from"]},"working_directory":{"references":["var.working_directory"]}},"module":{"outputs":{"json_map_encoded":{"expression":{"references":["local.json_map"]},"description":"JSON string encoded container definitions for use with other terraform resources such as aws_ecs_task_definition"},"json_map_encoded_list":{"expression":{"references":["local.json_map"]},"description":"JSON string encoded list of container definitions for use with other terraform resources such as aws_ecs_task_definition"},"json_map_object":{"expression":{"references":["local.json_map"]},"description":"JSON map encoded container definition"}},"variables":{"command":{"default":null,"description":"The command that is passed to the container"},"container_cpu":{"default":0,"description":"The number of cpu units to reserve for the container. This is optional for tasks using Fargate launch type and the total amount of container_cpu of all containers in a task will need to be lower than the task-level cpu value"},"container_definition":{"default":{},"description":"Container definition overrides which allows for extra keys or overriding existing keys."},"container_depends_on":{"default":null,"description":"The dependencies defined for container startup and shutdown. A container can contain multiple dependencies. When a dependency is defined for container startup, for container shutdown it is reversed. The condition can be one of START, COMPLETE, SUCCESS or HEALTHY"},"container_image":{"description":"The image used to start the container. Images in the Docker Hub registry available by default"},"container_memory":{"default":null,"description":"The amount of memory (in MiB) to allow the container to use. This is a hard limit, if the container attempts to exceed the container_memory, the container is killed. This field is optional for Fargate launch type and the total amount of container_memory of all containers in a task will need to be lower than the task memory value"},"container_memory_reservation":{"default":null,"description":"The amount of memory (in MiB) to reserve for the container. If container needs to exceed this threshold, it can do so up to the set container_memory hard limit"},"container_name":{"description":"The name of the container. Up to 255 characters ([a-z], [A-Z], [0-9], -, _ allowed)"},"disable_networking":{"default":null,"description":"When this parameter is true, networking is disabled within the container."},"dns_search_domains":{"default":null,"description":"Container DNS search domains. A list of DNS search domains that are presented to the container"},"dns_servers":{"default":null,"description":"Container DNS servers. This is a list of strings specifying the IP addresses of the DNS servers"},"docker_labels":{"default":null,"description":"The configuration options to send to the `docker_labels`"},"docker_security_options":{"default":null,"description":"A list of strings to provide custom labels for SELinux and AppArmor multi-level security systems."},"entrypoint":{"default":null,"description":"The entry point that is passed to the container"},"environment":{"default":[],"description":"The environment variables to pass to the container. This is a list of maps. map_environment overrides environment"},"environment_files":{"default":null,"description":"One or more files containing the environment variables to pass to the container. This maps to the --env-file option to docker run. The file must be hosted in Amazon S3. This option is only available to tasks using the EC2 launch type. This is a list of maps"},"essential":{"default":true,"description":"Determines whether all other containers in a task are stopped, if this container fails or stops for any reason. Due to how Terraform type casts booleans in json it is required to double quote this value"},"extra_hosts":{"default":null,"description":"A list of hostnames and IP address mappings to append to the /etc/hosts file on the container. This is a list of maps"},"firelens_configuration":{"default":null,"description":"The FireLens configuration for the container. This is used to specify and configure a log router for container logs. For more details, see https://docs.aws.amazon.com/AmazonECS/latest/APIReference/API_FirelensConfiguration.html"},"healthcheck":{"default":null,"description":"A map containing command (string), timeout, interval (duration in seconds), retries (1-10, number of times to retry before marking container unhealthy), and startPeriod (0-300, optional grace period to wait, in seconds, before failed healthchecks count toward retries)"},"hostname":{"default":null,"description":"The hostname to use for your container."},"interactive":{"default":null,"description":"When this parameter is true, this allows you to deploy containerized applications that require stdin or a tty to be allocated."},"links":{"default":null,"description":"List of container names this container can communicate with without port mappings"},"linux_parameters":{"default":null,"description":"Linux-specific modifications that are applied to the container, such as Linux kernel capabilities. For more details, see https://docs.aws.amazon.com/AmazonECS/latest/APIReference/API_LinuxParameters.html"},"log_configuration":{"default":null,"description":"Log configuration options to send to a custom log driver for the container. For more details, see https://docs.aws.amazon.com/AmazonECS/latest/APIReference/API_LogConfiguration.html"},"map_environment":{"default":null,"description":"The environment variables to pass to the container. This is a map of string: {key: value}. map_environment overrides environment"},"mount_points":{"default":[],"description":"Container mount points. This is a list of maps, where each map should contain a `containerPath` and `sourceVolume`. The `readOnly` key is optional."},"port_mappings":{"default":[],"description":"The port mappings to configure for the container. This is a list of maps. Each map should contain \"containerPort\", \"hostPort\", and \"protocol\", where \"protocol\" is one of \"tcp\" or \"udp\". If using containers in a task with the awsvpc or host network mode, the hostPort can either be left blank or set to the same value as the containerPort"},"privileged":{"default":null,"description":"When this variable is `true`, the container is given elevated privileges on the host container instance (similar to the root user). This parameter is not supported for Windows containers or tasks using the Fargate launch type."},"pseudo_terminal":{"default":null,"description":"When this parameter is true, a TTY is allocated. "},"readonly_root_filesystem":{"default":false,"description":"Determines whether a container is given read-only access to its root filesystem. Due to how Terraform type casts booleans in json it is required to double quote this value"},"repository_credentials":{"default":null,"description":"Container repository credentials; required when using a private repo.  This map currently supports a single key; \"credentialsParameter\", which should be the ARN of a Secrets Manager's secret holding the credentials"},"secrets":{"default":null,"description":"The secrets to pass to the container. This is a list of maps"},"start_timeout":{"default":null,"description":"Time duration (in seconds) to wait before giving up on resolving dependencies for a container"},"stop_timeout":{"default":null,"description":"Time duration (in seconds) to wait before the container is forcefully killed if it doesn't exit normally on its own"},"system_controls":{"default":null,"description":"A list of namespaced kernel parameters to set in the container, mapping to the --sysctl option to docker run. This is a list of maps: { namespace = \"\", value = \"\"}"},"ulimits":{"default":null,"description":"Container ulimit settings. This is a list of maps, where each map should contain \"name\", \"hardLimit\" and \"softLimit\""},"user":{"default":null,"description":"The user to run as inside the container. Can be any of these formats: user, user:group, uid, uid:gid, user:gid, uid:group. The default (null) will use the container's configured `USER` directive or root if not set."},"volumes_from":{"default":[],"description":"A list of VolumesFrom maps which contain \"sourceContainer\" (name of the container that has the volumes to mount) and \"readOnly\" (whether the container can write to the volume)"},"working_directory":{"default":null,"description":"The working directory to run commands inside the container"}}},"version_constraint":"v0.45.2","raw_data":{"FileName":".terraform/modules/atlantis/main.tf","StartLine":502,"EndLine":556}},"container_definition_github_gitlab":{"source":"cloudposse/ecs-container-definition/aws","expressions":{"command":{"references":["var.command"]},"container_cpu":{"references":["var.ecs_task_cpu"]},"container_depends_on":{"references":["var.container_depends_on"]},"container_image":{"references":["local.atlantis_image"]},"container_memory":{"references":["var.ecs_task_memory"]},"container_memory_reservation":{"references":["var.container_memory_reservation"]},"container_name":{"references":["var.name"]},"docker_labels":{"references":["var.docker_labels"]},"entrypoint":{"references":["var.entrypoint"]},"environment":{"references":["local.container_definition_environment","var.custom_environment_variables"]},"essential":{"references":["var.essential"]},"firelens_configuration":{"references":["var.firelens_configuration"]},"log_configuration":{"references":["data.aws_region.current","aws_cloudwatch_log_group.atlantis"]},"mount_points":{"references":["var.mount_points"]},"port_mappings":{"references":["var.atlantis_port","var.atlantis_port"]},"readonly_root_filesystem":{"references":["var.readonly_root_filesystem"]},"repository_credentials":{"references":["var.repository_credentials"]},"secrets":{"references":["local.container_definition_secrets_1","local.container_definition_secrets_2","var.custom_environment_secrets"]},"start_timeout":{"references":["var.start_timeout"]},"stop_timeout":{"references":["var.stop_timeout"]},"ulimits":{"references":["var.ulimits"]},"user":{"references":["var.user"]},"volumes_from":{"references":["var.volumes_from"]},"working_directory":{"references":["var.working_directory"]}},"module":{"outputs":{"json_map_encoded":{"expression":{"references":["local.json_map"]},"description":"JSON string encoded container definitions for use with other terraform resources such as aws_ecs_task_definition"},"json_map_encoded_list":{"expression":{"references":["local.json_map"]},"description":"JSON string encoded list of container definitions for use with other terraform resources such as aws_ecs_task_definition"},"json_map_object":{"expression":{"references":["local.json_map"]},"description":"JSON map encoded container definition"}},"variables":{"command":{"default":null,"description":"The command that is passed to the container"},"container_cpu":{"default":0,"description":"The number of cpu units to reserve for the container. This is optional for tasks using Fargate launch type and the total amount of container_cpu of all containers in a task will need to be lower than the task-level cpu value"},"container_definition":{"default":{},"description":"Container definition overrides which allows for extra keys or overriding existing keys."},"container_depends_on":{"default":null,"description":"The dependencies defined for container startup and shutdown. A container can contain multiple dependencies. When a dependency is defined for container startup, for container shutdown it is reversed. The condition can be one of START, COMPLETE, SUCCESS or HEALTHY"},"container_image":{"description":"The image used to start the container. Images in the Docker Hub registry available by default"},"container_memory":{"default":null,"description":"The amount of memory (in MiB) to allow the container to use. This is a hard limit, if the container attempts to exceed the container_memory, the container is killed. This field is optional for Fargate launch type and the total amount of container_memory of all containers in a task will need to be lower than the task memory value"},"container_memory_reservation":{"default":null,"description":"The amount of memory (in MiB) to reserve for the container. If container needs to exceed this threshold, it can do so up to the set container_memory hard limit"},"container_name":{"description":"The name of the container. Up to 255 characters ([a-z], [A-Z], [0-9], -, _ allowed)"},"disable_networking":{"default":null,"description":"When this parameter is true, networking is disabled within the container."},"dns_search_domains":{"default":null,"description":"Container DNS search domains. A list of DNS search domains that are presented to the container"},"dns_servers":{"default":null,"description":"Container DNS servers. This is a list of strings specifying the IP addresses of the DNS servers"},"docker_labels":{"default":null,"description":"The configuration options to send to the `docker_labels`"},"docker_security_options":{"default":null,"description":"A list of strings to provide custom labels for SELinux and AppArmor multi-level security systems."},"entrypoint":{"default":null,"description":"The entry point that is passed to the container"},"environment":{"default":[],"description":"The environment variables to pass to the container. This is a list of maps. map_environment overrides environment"},"environment_files":{"default":null,"description":"One or more files containing the environment variables to pass to the container. This maps to the --env-file option to docker run. The file must be hosted in Amazon S3. This option is only available to tasks using the EC2 launch type. This is a list of maps"},"essential":{"default":true,"description":"Determines whether all other containers in a task are stopped, if this container fails or stops for any reason. Due to how Terraform type casts booleans in json it is required to double quote this value"},"extra_hosts":{"default":null,"description":"A list of hostnames and IP address mappings to append to the /etc/hosts file on the container. This is a list of maps"},"firelens_configuration":{"default":null,"description":"The FireLens configuration for the container. This is used to specify and configure a log router for container logs. For more details, see https://docs.aws.amazon.com/AmazonECS/latest/APIReference/API_FirelensConfiguration.html"},"healthcheck":{"default":null,"description":"A map containing command (string), timeout, interval (duration in seconds), retries (1-10, number of times to retry before marking container unhealthy), and startPeriod (0-300, optional grace period to wait, in seconds, before failed healthchecks count toward retries)"},"hostname":{"default":null,"description":"The hostname to use for your container."},"interactive":{"default":null,"description":"When this parameter is true, this allows you to deploy containerized applications that require stdin or a tty to be allocated."},"links":{"default":null,"description":"List of container names this container can communicate with without port mappings"},"linux_parameters":{"default":null,"description":"Linux-specific modifications that are applied to the container, such as Linux kernel capabilities. For more details, see https://docs.aws.amazon.com/AmazonECS/latest/APIReference/API_LinuxParameters.html"},"log_configuration":{"default":null,"description":"Log configuration options to send to a custom log driver for the container. For more details, see https://docs.aws.amazon.com/AmazonECS/latest/APIReference/API_LogConfiguration.html"},"map_environment":{"default":null,"description":"The environment variables to pass to the container. This is a map of string: {key: value}. map_environment overrides environment"},"mount_points":{"default":[],"description":"Container mount points. This is a list of maps, where each map should contain a `containerPath` and `sourceVolume`. The `readOnly` key is optional."},"port_mappings":{"default":[],"description":"The port mappings to configure for the container. This is a list of maps. Each map should contain \"containerPort\", \"hostPort\", and \"protocol\", where \"protocol\" is one of \"tcp\" or \"udp\". If using containers in a task with the awsvpc or host network mode, the hostPort can either be left blank or set to the same value as the containerPort"},"privileged":{"default":null,"description":"When this variable is `true`, the container is given elevated privileges on the host container instance (similar to the root user). This parameter is not supported for Windows containers or tasks using the Fargate launch type."},"pseudo_terminal":{"default":null,"description":"When this parameter is true, a TTY is allocated. "},"readonly_root_filesystem":{"default":false,"description":"Determines whether a container is given read-only access to its root filesystem. Due to how Terraform type casts booleans in json it is required to double quote this value"},"repository_credentials":{"default":null,"description":"Container repository credentials; required when using a private repo.  This map currently supports a single key; \"credentialsParameter\", which should be the ARN of a Secrets Manager's secret holding the credentials"},"secrets":{"default":null,"description":"The secrets to pass to the container. This is a list of maps"},"start_timeout":{"default":null,"description":"Time duration (in seconds) to wait before giving up on resolving dependencies for a container"},"stop_timeout":{"default":null,"description":"Time duration (in seconds) to wait before the container is forcefully killed if it doesn't exit normally on its own"},"system_controls":{"default":null,"description":"A list of namespaced kernel parameters to set in the container, mapping to the --sysctl option to docker run. This is a list of maps: { namespace = \"\", value = \"\"}"},"ulimits":{"default":null,"description":"Container ulimit settings. This is a list of maps, where each map should contain \"name\", \"hardLimit\" and \"softLimit\""},"user":{"default":null,"description":"The user to run as inside the container. Can be any of these formats: user, user:group, uid, uid:gid, user:gid, uid:group. The default (null) will use the container's configured `USER` directive or root if not set."},"volumes_from":{"default":[],"description":"A list of VolumesFrom maps which contain \"sourceContainer\" (name of the container that has the volumes to mount) and \"readOnly\" (whether the container can write to the volume)"},"working_directory":{"default":null,"description":"The working directory to run commands inside the container"}}},"version_constraint":"v0.45.2","raw_data":{"FileName":".terraform/modules/atlantis/main.tf","StartLine":445,"EndLine":500}},"ecs":{"source":"terraform-aws-modules/ecs/aws","expressions":{"capacity_providers":{"constant_value":["FARGATE","FARGATE_SPOT"]},"container_insights":{"references":["var.ecs_container_insights"]},"default_capacity_provider_strategy":{"references":["var.ecs_fargate_spot"]},"name":{"references":["var.name"]},"tags":{"references":["local.tags"]}},"module":{"outputs":{"this_ecs_cluster_arn":{"expression":{"references":["aws_ecs_cluster.this"]},"description":"ARN of the ECS Cluster"},"this_ecs_cluster_id":{"expression":{"references":["aws_ecs_cluster.this"]},"description":"ID of the ECS Cluster"},"this_ecs_cluster_name":{"expression":{"references":["var.name"]},"description":"The name of the ECS cluster"}},"resources":[{"address":"aws_ecs_cluster.this","mode":"managed","type":"aws_ecs_cluster","name":"this","provider_config_key":"ecs:aws","expressions":{"capacity_providers":{"references":["var.capacity_providers"]},"name":{"references":["var.name"]},"setting":[{"name":{"constant_value":"containerInsights"},"value":{"references":["var.container_insights"]}}],"tags":{"references":["var.tags"]}},"schema_version":0,"count_expression":{"references":["var.create_ecs"]},"raw_data":{"FileName":".terraform/modules/atlantis.ecs/main.tf","StartLine":1,"EndLine":25}}],"variables":{"capacity_providers":{"default":[],"description":"List of short names of one or more capacity providers to associate with the cluster. Valid values also include FARGATE and FARGATE_SPOT."},"container_insights":{"default":false,"description":"Controls if ECS Cluster has container insights enabled"},"create_ecs":{"default":true,"description":"Controls if ECS should be created"},"default_capacity_provider_strategy":{"default":{},"description":"The capacity provider strategy to use by default for the cluster. Can be one or more."},"name":{"default":null,"description":"Name to be used on all the resources as identifier, also the name of the ECS cluster"},"tags":{"default":{},"description":"A map of tags to add to ECS Cluster"}}},"version_constraint":"v2.5.0","raw_data":{"FileName":".terraform/modules/atlantis/main.tf","StartLine":350,"EndLine":364}},"vpc":{"source":"terraform-aws-modules/vpc/aws","expressions":{"azs":{"references":["var.azs"]},"cidr":{"references":["var.cidr"]},"create_vpc":{"references":["var.vpc_id"]},"enable_nat_gateway":{"constant_value":true},"name":{"references":["var.name"]},"private_subnets":{"references":["var.private_subnets"]},"public_subnets":{"references":["var.public_subnets"]},"single_nat_gateway":{"constant_value":true},"tags":{"references":["local.tags"]}},"module":{"outputs":{"azs":{"expression":{"references":["var.azs"]},"description":"A list of availability zones specified as argument to this module"},"cgw_arns":{"expression":{"references":["aws_customer_gateway.this"]},"description":"List of ARNs of Customer Gateway"},"cgw_ids":{"expression":{"references":["aws_customer_gateway.this"]},"description":"List of IDs of Customer Gateway"},"database_internet_gateway_route_id":{"expression":{"references":["aws_route.database_internet_gateway"]},"description":"ID of the database internet gateway route."},"database_ipv6_egress_route_id":{"expression":{"references":["aws_route.database_ipv6_egress"]},"description":"ID of the database IPv6 egress route."},"database_nat_gateway_route_ids":{"expression":{"references":["aws_route.database_nat_gateway"]},"description":"List of IDs of the database nat gateway route."},"database_network_acl_arn":{"expression":{"references":["aws_network_acl.database"]},"description":"ARN of the database network ACL"},"database_network_acl_id":{"expression":{"references":["aws_network_acl.database"]},"description":"ID of the database network ACL"},"database_route_table_association_ids":{"expression":{"references":["aws_route_table_association.database"]},"description":"List of IDs of the database route table association"},"database_route_table_ids":{"expression":{"references":["aws_route_table.database","aws_route_table.database","aws_route_table.private"]},"description":"List of IDs of database route tables"},"database_subnet_arns":{"expression":{"references":["aws_subnet.database"]},"description":"List of ARNs of database subnets"},"database_subnet_group":{"expression":{"references":["aws_db_subnet_group.database"]},"description":"ID of database subnet group"},"database_subnets":{"expression":{"references":["aws_subnet.database"]},"description":"List of IDs of database subnets"},"database_subnets_cidr_blocks":{"expression":{"references":["aws_subnet.database"]},"description":"List of cidr_blocks of database subnets"},"database_subnets_ipv6_cidr_blocks":{"expression":{"references":["aws_subnet.database"]},"description":"List of IPv6 cidr_blocks of database subnets in an IPv6 enabled VPC"},"default_network_acl_id":{"expression":{"references":["aws_vpc.this"]},"description":"The ID of the default network ACL"},"default_route_table_id":{"expression":{"references":["aws_vpc.this"]},"description":"The ID of the default route table"},"default_security_group_id":{"expression":{"references":["aws_vpc.this"]},"description":"The ID of the security group created by default on VPC creation"},"default_vpc_arn":{"expression":{"references":["aws_default_vpc.this"]},"description":"The ARN of the VPC"},"default_vpc_cidr_block":{"expression":{"references":["aws_default_vpc.this"]},"description":"The CIDR block of the VPC"},"default_vpc_default_network_acl_id":{"expression":{"references":["aws_default_vpc.this"]},"description":"The ID of the default network ACL"},"default_vpc_default_route_table_id":{"expression":{"references":["aws_default_vpc.this"]},"description":"The ID of the default route table"},"default_vpc_default_security_group_id":{"expression":{"references":["aws_default_vpc.this"]},"description":"The ID of the security group created by default on VPC creation"},"default_vpc_enable_dns_hostnames":{"expression":{"references":["aws_default_vpc.this"]},"description":"Whether or not the VPC has DNS hostname support"},"default_vpc_enable_dns_support":{"expression":{"references":["aws_default_vpc.this"]},"description":"Whether or not the VPC has DNS support"},"default_vpc_id":{"expression":{"references":["aws_default_vpc.this"]},"description":"The ID of the VPC"},"default_vpc_instance_tenancy":{"expression":{"references":["aws_default_vpc.this"]},"description":"Tenancy of instances spin up within VPC"},"default_vpc_main_route_table_id":{"expression":{"references":["aws_default_vpc.this"]},"description":"The ID of the main route table associated with this VPC"},"egress_only_internet_gateway_id":{"expression":{"references":["aws_egress_only_internet_gateway.this"]},"description":"The ID of the egress only Internet Gateway"},"elasticache_network_acl_arn":{"expression":{"references":["aws_network_acl.elasticache"]},"description":"ARN of the elasticache network ACL"},"elasticache_network_acl_id":{"expression":{"references":["aws_network_acl.elasticache"]},"description":"ID of the elasticache network ACL"},"elasticache_route_table_association_ids":{"expression":{"references":["aws_route_table_association.elasticache"]},"description":"List of IDs of the elasticache route table association"},"elasticache_route_table_ids":{"expression":{"references":["aws_route_table.elasticache","aws_route_table.elasticache","aws_route_table.private"]},"description":"List of IDs of elasticache route tables"},"elasticache_subnet_arns":{"expression":{"references":["aws_subnet.elasticache"]},"description":"List of ARNs of elasticache subnets"},"elasticache_subnet_group":{"expression":{"references":["aws_elasticache_subnet_group.elasticache"]},"description":"ID of elasticache subnet group"},"elasticache_subnet_group_name":{"expression":{"references":["aws_elasticache_subnet_group.elasticache"]},"description":"Name of elasticache subnet group"},"elasticache_subnets":{"expression":{"references":["aws_subnet.elasticache"]},"description":"List of IDs of elasticache subnets"},"elasticache_subnets_cidr_blocks":{"expression":{"references":["aws_subnet.elasticache"]},"description":"List of cidr_blocks of elasticache subnets"},"elasticache_subnets_ipv6_cidr_blocks":{"expression":{"references":["aws_subnet.elasticache"]},"description":"List of IPv6 cidr_blocks of elasticache subnets in an IPv6 enabled VPC"},"igw_arn":{"expression":{"references":["aws_internet_gateway.this"]},"description":"The ARN of the Internet Gateway"},"igw_id":{"expression":{"references":["aws_internet_gateway.this"]},"description":"The ID of the Internet Gateway"},"intra_network_acl_arn":{"expression":{"references":["aws_network_acl.intra"]},"description":"ARN of the intra network ACL"},"intra_network_acl_id":{"expression":{"references":["aws_network_acl.intra"]},"description":"ID of the intra network ACL"},"intra_route_table_association_ids":{"expression":{"references":["aws_route_table_association.intra"]},"description":"List of IDs of the intra route table association"},"intra_route_table_ids":{"expression":{"references":["aws_route_table.intra"]},"description":"List of IDs of intra route tables"},"intra_subnet_arns":{"expression":{"references":["aws_subnet.intra"]},"description":"List of ARNs of intra subnets"},"intra_subnets":{"expression":{"references":["aws_subnet.intra"]},"description":"List of IDs of intra subnets"},"intra_subnets_cidr_blocks":{"expression":{"references":["aws_subnet.intra"]},"description":"List of cidr_blocks of intra subnets"},"intra_subnets_ipv6_cidr_blocks":{"expression":{"references":["aws_subnet.intra"]},"description":"List of IPv6 cidr_blocks of intra subnets in an IPv6 enabled VPC"},"name":{"expression":{"references":["var.name"]},"description":"The name of the VPC specified as argument to this module"},"nat_ids":{"expression":{"references":["aws_eip.nat"]},"description":"List of allocation ID of Elastic IPs created for AWS NAT Gateway"},"nat_public_ips":{"expression":{"references":["var.reuse_nat_ips","var.external_nat_ips","aws_eip.nat"]},"description":"List of public Elastic IPs created for AWS NAT Gateway"},"natgw_ids":{"expression":{"references":["aws_nat_gateway.this"]},"description":"List of NAT Gateway IDs"},"private_ipv6_egress_route_ids":{"expression":{"references":["aws_route.private_ipv6_egress"]},"description":"List of IDs of the ipv6 egress route."},"private_nat_gateway_route_ids":{"expression":{"references":["aws_route.private_nat_gateway"]},"description":"List of IDs of the private nat gateway route."},"private_network_acl_arn":{"expression":{"references":["aws_network_acl.private"]},"description":"ARN of the private network ACL"},"private_network_acl_id":{"expression":{"references":["aws_network_acl.private"]},"description":"ID of the private network ACL"},"private_route_table_association_ids":{"expression":{"references":["aws_route_table_association.private"]},"description":"List of IDs of the private route table association"},"private_route_table_ids":{"expression":{"references":["aws_route_table.private"]},"description":"List of IDs of private route tables"},"private_subnet_arns":{"expression":{"references":["aws_subnet.private"]},"description":"List of ARNs of private subnets"},"private_subnets":{"expression":{"references":["aws_subnet.private"]},"description":"List of IDs of private subnets"},"private_subnets_cidr_blocks":{"expression":{"references":["aws_subnet.private"]},"description":"List of cidr_blocks of private subnets"},"private_subnets_ipv6_cidr_blocks":{"expression":{"references":["aws_subnet.private"]},"description":"List of IPv6 cidr_blocks of private subnets in an IPv6 enabled VPC"},"public_internet_gateway_ipv6_route_id":{"expression":{"references":["aws_route.public_internet_gateway_ipv6"]},"description":"ID of the IPv6 internet gateway route."},"public_internet_gateway_route_id":{"expression":{"references":["aws_route.public_internet_gateway"]},"description":"ID of the internet gateway route."},"public_network_acl_arn":{"expression":{"references":["aws_network_acl.public"]},"description":"ARN of the public network ACL"},"public_network_acl_id":{"expression":{"references":["aws_network_acl.public"]},"description":"ID of the public network ACL"},"public_route_table_association_ids":{"expression":{"references":["aws_route_table_association.public"]},"description":"List of IDs of the public route table association"},"public_route_table_ids":{"expression":{"references":["aws_route_table.public"]},"description":"List of IDs of public route tables"},"public_subnet_arns":{"expression":{"references":["aws_subnet.public"]},"description":"List of ARNs of public subnets"},"public_subnets":{"expression":{"references":["aws_subnet.public"]},"description":"List of IDs of public subnets"},"public_subnets_cidr_blocks":{"expression":{"references":["aws_subnet.public"]},"description":"List of cidr_blocks of public subnets"},"public_subnets_ipv6_cidr_blocks":{"expression":{"references":["aws_subnet.public"]},"description":"List of IPv6 cidr_blocks of public subnets in an IPv6 enabled VPC"},"redshift_network_acl_arn":{"expression":{"references":["aws_network_acl.redshift"]},"description":"ARN of the redshift network ACL"},"redshift_network_acl_id":{"expression":{"references":["aws_network_acl.redshift"]},"description":"ID of the redshift network ACL"},"redshift_public_route_table_association_ids":{"expression":{"references":["aws_route_table_association.redshift_public"]},"description":"List of IDs of the public redshidt route table association"},"redshift_route_table_association_ids":{"expression":{"references":["aws_route_table_association.redshift"]},"description":"List of IDs of the redshift route table association"},"redshift_route_table_ids":{"expression":{"references":["aws_route_table.redshift","aws_route_table.redshift","aws_route_table.private"]},"description":"List of IDs of redshift route tables"},"redshift_subnet_arns":{"expression":{"references":["aws_subnet.redshift"]},"description":"List of ARNs of redshift subnets"},"redshift_subnet_group":{"expression":{"references":["aws_redshift_subnet_group.redshift"]},"description":"ID of redshift subnet group"},"redshift_subnets":{"expression":{"references":["aws_subnet.redshift"]},"description":"List of IDs of redshift subnets"},"redshift_subnets_cidr_blocks":{"expression":{"references":["aws_subnet.redshift"]},"description":"List of cidr_blocks of redshift subnets"},"redshift_subnets_ipv6_cidr_blocks":{"expression":{"references":["aws_subnet.redshift"]},"description":"List of IPv6 cidr_blocks of redshift subnets in an IPv6 enabled VPC"},"this_customer_gateway":{"expression":{"references":["aws_customer_gateway.this"]},"description":"Map of Customer Gateway attributes"},"vgw_arn":{"expression":{"references":["aws_vpn_gateway.this"]},"description":"The ARN of the VPN Gateway"},"vgw_id":{"expression":{"references":["aws_vpn_gateway.this","aws_vpn_gateway_attachment.this"]},"description":"The ID of the VPN Gateway"},"vpc_arn":{"expression":{"references":["aws_vpc.this"]},"description":"The ARN of the VPC"},"vpc_cidr_block":{"expression":{"references":["aws_vpc.this"]},"description":"The CIDR block of the VPC"},"vpc_enable_dns_hostnames":{"expression":{"references":["aws_vpc.this"]},"description":"Whether or not the VPC has DNS hostname support"},"vpc_enable_dns_support":{"expression":{"references":["aws_vpc.this"]},"description":"Whether or not the VPC has DNS support"},"vpc_endpoint_access_analyzer_dns_entry":{"expression":{"references":["aws_vpc_endpoint.access_analyzer"]},"description":"The DNS entries for the VPC Endpoint for Access Analyzer."},"vpc_endpoint_access_analyzer_id":{"expression":{"references":["aws_vpc_endpoint.access_analyzer"]},"description":"The ID of VPC endpoint for Access Analyzer"},"vpc_endpoint_access_analyzer_network_interface_ids":{"expression":{"references":["aws_vpc_endpoint.access_analyzer"]},"description":"One or more network interfaces for the VPC Endpoint for Access Analyzer."},"vpc_endpoint_acm_pca_dns_entry":{"expression":{"references":["aws_vpc_endpoint.acm_pca"]},"description":"The DNS entries for the VPC Endpoint for ACM PCA."},"vpc_endpoint_acm_pca_id":{"expression":{"references":["aws_vpc_endpoint.acm_pca"]},"description":"The ID of VPC endpoint for ACM PCA"},"vpc_endpoint_acm_pca_network_interface_ids":{"expression":{"references":["aws_vpc_endpoint.acm_pca"]},"description":"One or more network interfaces for the VPC Endpoint for ACM PCA."},"vpc_endpoint_apigw_dns_entry":{"expression":{"references":["aws_vpc_endpoint.apigw"]},"description":"The DNS entries for the VPC Endpoint for APIGW."},"vpc_endpoint_apigw_id":{"expression":{"references":["aws_vpc_endpoint.apigw"]},"description":"The ID of VPC endpoint for APIGW"},"vpc_endpoint_apigw_network_interface_ids":{"expression":{"references":["aws_vpc_endpoint.apigw"]},"description":"One or more network interfaces for the VPC Endpoint for APIGW."},"vpc_endpoint_appmesh_envoy_management_dns_entry":{"expression":{"references":["aws_vpc_endpoint.appmesh_envoy_management"]},"description":"The DNS entries for the VPC Endpoint for AppMesh."},"vpc_endpoint_appmesh_envoy_management_id":{"expression":{"references":["aws_vpc_endpoint.appmesh_envoy_management"]},"description":"The ID of VPC endpoint for AppMesh"},"vpc_endpoint_appmesh_envoy_management_network_interface_ids":{"expression":{"references":["aws_vpc_endpoint.appmesh_envoy_management"]},"description":"One or more network interfaces for the VPC Endpoint for AppMesh."},"vpc_endpoint_appstream_api_dns_entry":{"expression":{"references":["aws_vpc_endpoint.appstream_api"]},"description":"The DNS entries for the VPC Endpoint for AppStream API."},"vpc_endpoint_appstream_api_id":{"expression":{"references":["aws_vpc_endpoint.appstream_api"]},"description":"The ID of VPC endpoint for AppStream API"},"vpc_endpoint_appstream_api_network_interface_ids":{"expression":{"references":["aws_vpc_endpoint.appstream_api"]},"description":"One or more network interfaces for the VPC Endpoint for AppStream API."},"vpc_endpoint_appstream_streaming_dns_entry":{"expression":{"references":["aws_vpc_endpoint.appstream_streaming"]},"description":"The DNS entries for the VPC Endpoint for AppStream Streaming."},"vpc_endpoint_appstream_streaming_id":{"expression":{"references":["aws_vpc_endpoint.appstream_streaming"]},"description":"The ID of VPC endpoint for AppStream Streaming"},"vpc_endpoint_appstream_streaming_network_interface_ids":{"expression":{"references":["aws_vpc_endpoint.appstream_streaming"]},"description":"One or more network interfaces for the VPC Endpoint for AppStream Streaming."},"vpc_endpoint_athena_dns_entry":{"expression":{"references":["aws_vpc_endpoint.athena"]},"description":"The DNS entries for the VPC Endpoint for Athena."},"vpc_endpoint_athena_id":{"expression":{"references":["aws_vpc_endpoint.athena"]},"description":"The ID of VPC endpoint for Athena"},"vpc_endpoint_athena_network_interface_ids":{"expression":{"references":["aws_vpc_endpoint.athena"]},"description":"One or more network interfaces for the VPC Endpoint for Athena."},"vpc_endpoint_auto_scaling_plans_dns_entry":{"expression":{"references":["aws_vpc_endpoint.auto_scaling_plans"]},"description":"The DNS entries for the VPC Endpoint for Auto Scaling Plans."},"vpc_endpoint_auto_scaling_plans_id":{"expression":{"references":["aws_vpc_endpoint.auto_scaling_plans"]},"description":"The ID of VPC endpoint for Auto Scaling Plans"},"vpc_endpoint_auto_scaling_plans_network_interface_ids":{"expression":{"references":["aws_vpc_endpoint.auto_scaling_plans"]},"description":"One or more network interfaces for the VPC Endpoint for Auto Scaling Plans."},"vpc_endpoint_cloud_directory_dns_entry":{"expression":{"references":["aws_vpc_endpoint.cloud_directory"]},"description":"The DNS entries for the VPC Endpoint for Cloud Directory."},"vpc_endpoint_cloud_directory_id":{"expression":{"references":["aws_vpc_endpoint.cloud_directory"]},"description":"The ID of VPC endpoint for Cloud Directory"},"vpc_endpoint_cloud_directory_network_interface_ids":{"expression":{"references":["aws_vpc_endpoint.cloud_directory"]},"description":"One or more network interfaces for the VPC Endpoint for Cloud Directory."},"vpc_endpoint_cloudformation_dns_entry":{"expression":{"references":["aws_vpc_endpoint.cloudformation"]},"description":"The DNS entries for the VPC Endpoint for Cloudformation."},"vpc_endpoint_cloudformation_id":{"expression":{"references":["aws_vpc_endpoint.cloudformation"]},"description":"The ID of VPC endpoint for Cloudformation"},"vpc_endpoint_cloudformation_network_interface_ids":{"expression":{"references":["aws_vpc_endpoint.cloudformation"]},"description":"One or more network interfaces for the VPC Endpoint for Cloudformation."},"vpc_endpoint_cloudtrail_dns_entry":{"expression":{"references":["aws_vpc_endpoint.cloudtrail"]},"description":"The DNS entries for the VPC Endpoint for CloudTrail."},"vpc_endpoint_cloudtrail_id":{"expression":{"references":["aws_vpc_endpoint.cloudtrail"]},"description":"The ID of VPC endpoint for CloudTrail"},"vpc_endpoint_cloudtrail_network_interface_ids":{"expression":{"references":["aws_vpc_endpoint.cloudtrail"]},"description":"One or more network interfaces for the VPC Endpoint for CloudTrail."},"vpc_endpoint_codeartifact_api_dns_entry":{"expression":{"references":["aws_vpc_endpoint.codeartifact_api"]},"description":"The DNS entries for the VPC Endpoint for Codeartifact API."},"vpc_endpoint_codeartifact_api_id":{"expression":{"references":["aws_vpc_endpoint.codeartifact_api"]},"description":"The ID of VPC endpoint for Codeartifact API"},"vpc_endpoint_codeartifact_api_network_interface_ids":{"expression":{"references":["aws_vpc_endpoint.codeartifact_api"]},"description":"One or more network interfaces for the VPC Endpoint for Codeartifact API."},"vpc_endpoint_codeartifact_repositories_dns_entry":{"expression":{"references":["aws_vpc_endpoint.codeartifact_repositories"]},"description":"The DNS entries for the VPC Endpoint for Codeartifact repositories."},"vpc_endpoint_codeartifact_repositories_id":{"expression":{"references":["aws_vpc_endpoint.codeartifact_repositories"]},"description":"The ID of VPC endpoint for Codeartifact repositories"},"vpc_endpoint_codeartifact_repositories_network_interface_ids":{"expression":{"references":["aws_vpc_endpoint.codeartifact_repositories"]},"description":"One or more network interfaces for the VPC Endpoint for Codeartifact repositories."},"vpc_endpoint_codebuild_dns_entry":{"expression":{"references":["aws_vpc_endpoint.codebuild"]},"description":"The DNS entries for the VPC Endpoint for codebuild."},"vpc_endpoint_codebuild_id":{"expression":{"references":["aws_vpc_endpoint.codebuild"]},"description":"The ID of VPC endpoint for codebuild"},"vpc_endpoint_codebuild_network_interface_ids":{"expression":{"references":["aws_vpc_endpoint.codebuild"]},"description":"One or more network interfaces for the VPC Endpoint for codebuild."},"vpc_endpoint_codecommit_dns_entry":{"expression":{"references":["aws_vpc_endpoint.codecommit"]},"description":"The DNS entries for the VPC Endpoint for codecommit."},"vpc_endpoint_codecommit_id":{"expression":{"references":["aws_vpc_endpoint.codecommit"]},"description":"The ID of VPC endpoint for codecommit"},"vpc_endpoint_codecommit_network_interface_ids":{"expression":{"references":["aws_vpc_endpoint.codecommit"]},"description":"One or more network interfaces for the VPC Endpoint for codecommit."},"vpc_endpoint_codepipeline_dns_entry":{"expression":{"references":["aws_vpc_endpoint.codepipeline"]},"description":"The DNS entries for the VPC Endpoint for CodePipeline."},"vpc_endpoint_codepipeline_id":{"expression":{"references":["aws_vpc_endpoint.codepipeline"]},"description":"The ID of VPC endpoint for CodePipeline"},"vpc_endpoint_codepipeline_network_interface_ids":{"expression":{"references":["aws_vpc_endpoint.codepipeline"]},"description":"One or more network interfaces for the VPC Endpoint for CodePipeline."},"vpc_endpoint_config_dns_entry":{"expression":{"references":["aws_vpc_endpoint.config"]},"description":"The DNS entries for the VPC Endpoint for config."},"vpc_endpoint_config_id":{"expression":{"references":["aws_vpc_endpoint.config"]},"description":"The ID of VPC endpoint for config"},"vpc_endpoint_config_network_interface_ids":{"expression":{"references":["aws_vpc_endpoint.config"]},"description":"One or more network interfaces for the VPC Endpoint for config."},"vpc_endpoint_datasync_dns_entry":{"expression":{"references":["aws_vpc_endpoint.datasync"]},"description":"The DNS entries for the VPC Endpoint for DataSync."},"vpc_endpoint_datasync_id":{"expression":{"references":["aws_vpc_endpoint.datasync"]},"description":"The ID of VPC endpoint for DataSync"},"vpc_endpoint_datasync_network_interface_ids":{"expression":{"references":["aws_vpc_endpoint.datasync"]},"description":"One or more network interfaces for the VPC Endpoint for DataSync."},"vpc_endpoint_dynamodb_id":{"expression":{"references":["aws_vpc_endpoint.dynamodb"]},"description":"The ID of VPC endpoint for DynamoDB"},"vpc_endpoint_dynamodb_pl_id":{"expression":{"references":["aws_vpc_endpoint.dynamodb"]},"description":"The prefix list for the DynamoDB VPC endpoint."},"vpc_endpoint_ebs_dns_entry":{"expression":{"references":["aws_vpc_endpoint.ebs"]},"description":"The DNS entries for the VPC Endpoint for EBS."},"vpc_endpoint_ebs_id":{"expression":{"references":["aws_vpc_endpoint.ebs"]},"description":"The ID of VPC endpoint for EBS"},"vpc_endpoint_ebs_network_interface_ids":{"expression":{"references":["aws_vpc_endpoint.ebs"]},"description":"One or more network interfaces for the VPC Endpoint for EBS."},"vpc_endpoint_ec2_autoscaling_dns_entry":{"expression":{"references":["aws_vpc_endpoint.ec2_autoscaling"]},"description":"The DNS entries for the VPC Endpoint for EC2 Autoscaling."},"vpc_endpoint_ec2_autoscaling_id":{"expression":{"references":["aws_vpc_endpoint.ec2_autoscaling"]},"description":"The ID of VPC endpoint for EC2 Autoscaling"},"vpc_endpoint_ec2_autoscaling_network_interface_ids":{"expression":{"references":["aws_vpc_endpoint.ec2_autoscaling"]},"description":"One or more network interfaces for the VPC Endpoint for EC2 Autoscaling"},"vpc_endpoint_ec2_dns_entry":{"expression":{"references":["aws_vpc_endpoint.ec2"]},"description":"The DNS entries for the VPC Endpoint for EC2."},"vpc_endpoint_ec2_id":{"expression":{"references":["aws_vpc_endpoint.ec2"]},"description":"The ID of VPC endpoint for EC2"},"vpc_endpoint_ec2_network_interface_ids":{"expression":{"references":["aws_vpc_endpoint.ec2"]},"description":"One or more network interfaces for the VPC Endpoint for EC2"},"vpc_endpoint_ec2messages_dns_entry":{"expression":{"references":["aws_vpc_endpoint.ec2messages"]},"description":"The DNS entries for the VPC Endpoint for EC2MESSAGES."},"vpc_endpoint_ec2messages_id":{"expression":{"references":["aws_vpc_endpoint.ec2messages"]},"description":"The ID of VPC endpoint for EC2MESSAGES"},"vpc_endpoint_ec2messages_network_interface_ids":{"expression":{"references":["aws_vpc_endpoint.ec2messages"]},"description":"One or more network interfaces for the VPC Endpoint for EC2MESSAGES"},"vpc_endpoint_ecr_api_dns_entry":{"expression":{"references":["aws_vpc_endpoint.ecr_api"]},"description":"The DNS entries for the VPC Endpoint for ECR API."},"vpc_endpoint_ecr_api_id":{"expression":{"references":["aws_vpc_endpoint.ecr_api"]},"description":"The ID of VPC endpoint for ECR API"},"vpc_endpoint_ecr_api_network_interface_ids":{"expression":{"references":["aws_vpc_endpoint.ecr_api"]},"description":"One or more network interfaces for the VPC Endpoint for ECR API."},"vpc_endpoint_ecr_dkr_dns_entry":{"expression":{"references":["aws_vpc_endpoint.ecr_dkr"]},"description":"The DNS entries for the VPC Endpoint for ECR DKR."},"vpc_endpoint_ecr_dkr_id":{"expression":{"references":["aws_vpc_endpoint.ecr_dkr"]},"description":"The ID of VPC endpoint for ECR DKR"},"vpc_endpoint_ecr_dkr_network_interface_ids":{"expression":{"references":["aws_vpc_endpoint.ecr_dkr"]},"description":"One or more network interfaces for the VPC Endpoint for ECR DKR."},"vpc_endpoint_ecs_agent_dns_entry":{"expression":{"references":["aws_vpc_endpoint.ecs_agent"]},"description":"The DNS entries for the VPC Endpoint for ECS Agent."},"vpc_endpoint_ecs_agent_id":{"expression":{"references":["aws_vpc_endpoint.ecs_agent"]},"description":"The ID of VPC endpoint for ECS Agent"},"vpc_endpoint_ecs_agent_network_interface_ids":{"expression":{"references":["aws_vpc_endpoint.ecs_agent"]},"description":"One or more network interfaces for the VPC Endpoint for ECS Agent."},"vpc_endpoint_ecs_dns_entry":{"expression":{"references":["aws_vpc_endpoint.ecs"]},"description":"The DNS entries for the VPC Endpoint for ECS."},"vpc_endpoint_ecs_id":{"expression":{"references":["aws_vpc_endpoint.ecs"]},"description":"The ID of VPC endpoint for ECS"},"vpc_endpoint_ecs_network_interface_ids":{"expression":{"references":["aws_vpc_endpoint.ecs"]},"description":"One or more network interfaces for the VPC Endpoint for ECS."},"vpc_endpoint_ecs_telemetry_dns_entry":{"expression":{"references":["aws_vpc_endpoint.ecs_telemetry"]},"description":"The DNS entries for the VPC Endpoint for ECS Telemetry."},"vpc_endpoint_ecs_telemetry_id":{"expression":{"references":["aws_vpc_endpoint.ecs_telemetry"]},"description":"The ID of VPC endpoint for ECS Telemetry"},"vpc_endpoint_ecs_telemetry_network_interface_ids":{"expression":{"references":["aws_vpc_endpoint.ecs_telemetry"]},"description":"One or more network interfaces for the VPC Endpoint for ECS Telemetry."},"vpc_endpoint_efs_dns_entry":{"expression":{"references":["aws_vpc_endpoint.efs"]},"description":"The DNS entries for the VPC Endpoint for EFS."},"vpc_endpoint_efs_id":{"expression":{"references":["aws_vpc_endpoint.efs"]},"description":"The ID of VPC endpoint for EFS"},"vpc_endpoint_efs_network_interface_ids":{"expression":{"references":["aws_vpc_endpoint.efs"]},"description":"One or more network interfaces for the VPC Endpoint for EFS."},"vpc_endpoint_elastic_inference_runtime_dns_entry":{"expression":{"references":["aws_vpc_endpoint.elastic_inference_runtime"]},"description":"The DNS entries for the VPC Endpoint for Elastic Inference Runtime."},"vpc_endpoint_elastic_inference_runtime_id":{"expression":{"references":["aws_vpc_endpoint.elastic_inference_runtime"]},"description":"The ID of VPC endpoint for Elastic Inference Runtime"},"vpc_endpoint_elastic_inference_runtime_network_interface_ids":{"expression":{"references":["aws_vpc_endpoint.elastic_inference_runtime"]},"description":"One or more network interfaces for the VPC Endpoint for Elastic Inference Runtime."},"vpc_endpoint_elasticbeanstalk_dns_entry":{"expression":{"references":["aws_vpc_endpoint.elasticbeanstalk"]},"description":"The DNS entries for the VPC Endpoint for Elastic Beanstalk."},"vpc_endpoint_elasticbeanstalk_health_dns_entry":{"expression":{"references":["aws_vpc_endpoint.elasticbeanstalk_health"]},"description":"The DNS entries for the VPC Endpoint for Elastic Beanstalk Health."},"vpc_endpoint_elasticbeanstalk_health_id":{"expression":{"references":["aws_vpc_endpoint.elasticbeanstalk_health"]},"description":"The ID of VPC endpoint for Elastic Beanstalk Health"},"vpc_endpoint_elasticbeanstalk_health_network_interface_ids":{"expression":{"references":["aws_vpc_endpoint.elasticbeanstalk_health"]},"description":"One or more network interfaces for the VPC Endpoint for Elastic Beanstalk Health."},"vpc_endpoint_elasticbeanstalk_id":{"expression":{"references":["aws_vpc_endpoint.elasticbeanstalk"]},"description":"The ID of VPC endpoint for Elastic Beanstalk"},"vpc_endpoint_elasticbeanstalk_network_interface_ids":{"expression":{"references":["aws_vpc_endpoint.elasticbeanstalk"]},"description":"One or more network interfaces for the VPC Endpoint for Elastic Beanstalk."},"vpc_endpoint_elasticloadbalancing_dns_entry":{"expression":{"references":["aws_vpc_endpoint.elasticloadbalancing"]},"description":"The DNS entries for the VPC Endpoint for Elastic Load Balancing."},"vpc_endpoint_elasticloadbalancing_id":{"expression":{"references":["aws_vpc_endpoint.elasticloadbalancing"]},"description":"The ID of VPC endpoint for Elastic Load Balancing"},"vpc_endpoint_elasticloadbalancing_network_interface_ids":{"expression":{"references":["aws_vpc_endpoint.elasticloadbalancing"]},"description":"One or more network interfaces for the VPC Endpoint for Elastic Load Balancing."},"vpc_endpoint_elasticmapreduce_dns_entry":{"expression":{"references":["aws_vpc_endpoint.emr"]},"description":"The DNS entries for the VPC Endpoint for EMR."},"vpc_endpoint_elasticmapreduce_id":{"expression":{"references":["aws_vpc_endpoint.emr"]},"description":"The ID of VPC endpoint for EMR"},"vpc_endpoint_elasticmapreduce_network_interface_ids":{"expression":{"references":["aws_vpc_endpoint.emr"]},"description":"One or more network interfaces for the VPC Endpoint for EMR."},"vpc_endpoint_events_dns_entry":{"expression":{"references":["aws_vpc_endpoint.events"]},"description":"The DNS entries for the VPC Endpoint for CloudWatch Events."},"vpc_endpoint_events_id":{"expression":{"references":["aws_vpc_endpoint.events"]},"description":"The ID of VPC endpoint for CloudWatch Events"},"vpc_endpoint_events_network_interface_ids":{"expression":{"references":["aws_vpc_endpoint.events"]},"description":"One or more network interfaces for the VPC Endpoint for CloudWatch Events."},"vpc_endpoint_git_codecommit_dns_entry":{"expression":{"references":["aws_vpc_endpoint.git_codecommit"]},"description":"The DNS entries for the VPC Endpoint for git_codecommit."},"vpc_endpoint_git_codecommit_id":{"expression":{"references":["aws_vpc_endpoint.git_codecommit"]},"description":"The ID of VPC endpoint for git_codecommit"},"vpc_endpoint_git_codecommit_network_interface_ids":{"expression":{"references":["aws_vpc_endpoint.git_codecommit"]},"description":"One or more network interfaces for the VPC Endpoint for git_codecommit."},"vpc_endpoint_glue_dns_entry":{"expression":{"references":["aws_vpc_endpoint.glue"]},"description":"The DNS entries for the VPC Endpoint for Glue."},"vpc_endpoint_glue_id":{"expression":{"references":["aws_vpc_endpoint.glue"]},"description":"The ID of VPC endpoint for Glue"},"vpc_endpoint_glue_network_interface_ids":{"expression":{"references":["aws_vpc_endpoint.glue"]},"description":"One or more network interfaces for the VPC Endpoint for Glue."},"vpc_endpoint_kinesis_firehose_dns_entry":{"expression":{"references":["aws_vpc_endpoint.kinesis_firehose"]},"description":"The DNS entries for the VPC Endpoint for Kinesis Firehose."},"vpc_endpoint_kinesis_firehose_id":{"expression":{"references":["aws_vpc_endpoint.kinesis_firehose"]},"description":"The ID of VPC endpoint for Kinesis Firehose"},"vpc_endpoint_kinesis_firehose_network_interface_ids":{"expression":{"references":["aws_vpc_endpoint.kinesis_firehose"]},"description":"One or more network interfaces for the VPC Endpoint for Kinesis Firehose."},"vpc_endpoint_kinesis_streams_dns_entry":{"expression":{"references":["aws_vpc_endpoint.kinesis_streams"]},"description":"The DNS entries for the VPC Endpoint for Kinesis Streams."},"vpc_endpoint_kinesis_streams_id":{"expression":{"references":["aws_vpc_endpoint.kinesis_streams"]},"description":"The ID of VPC endpoint for Kinesis Streams"},"vpc_endpoint_kinesis_streams_network_interface_ids":{"expression":{"references":["aws_vpc_endpoint.kinesis_streams"]},"description":"One or more network interfaces for the VPC Endpoint for Kinesis Streams."},"vpc_endpoint_kms_dns_entry":{"expression":{"references":["aws_vpc_endpoint.kms"]},"description":"The DNS entries for the VPC Endpoint for KMS."},"vpc_endpoint_kms_id":{"expression":{"references":["aws_vpc_endpoint.kms"]},"description":"The ID of VPC endpoint for KMS"},"vpc_endpoint_kms_network_interface_ids":{"expression":{"references":["aws_vpc_endpoint.kms"]},"description":"One or more network interfaces for the VPC Endpoint for KMS."},"vpc_endpoint_lambda_dns_entry":{"expression":{"references":["aws_vpc_endpoint.lambda"]},"description":"The DNS entries for the VPC Endpoint for Lambda."},"vpc_endpoint_lambda_id":{"expression":{"references":["aws_vpc_endpoint.lambda"]},"description":"The ID of VPC endpoint for Lambda"},"vpc_endpoint_lambda_network_interface_ids":{"expression":{"references":["aws_vpc_endpoint.lambda"]},"description":"One or more network interfaces for the VPC Endpoint for Lambda."},"vpc_endpoint_logs_dns_entry":{"expression":{"references":["aws_vpc_endpoint.logs"]},"description":"The DNS entries for the VPC Endpoint for CloudWatch Logs."},"vpc_endpoint_logs_id":{"expression":{"references":["aws_vpc_endpoint.logs"]},"description":"The ID of VPC endpoint for CloudWatch Logs"},"vpc_endpoint_logs_network_interface_ids":{"expression":{"references":["aws_vpc_endpoint.logs"]},"description":"One or more network interfaces for the VPC Endpoint for CloudWatch Logs."},"vpc_endpoint_monitoring_dns_entry":{"expression":{"references":["aws_vpc_endpoint.monitoring"]},"description":"The DNS entries for the VPC Endpoint for CloudWatch Monitoring."},"vpc_endpoint_monitoring_id":{"expression":{"references":["aws_vpc_endpoint.monitoring"]},"description":"The ID of VPC endpoint for CloudWatch Monitoring"},"vpc_endpoint_monitoring_network_interface_ids":{"expression":{"references":["aws_vpc_endpoint.monitoring"]},"description":"One or more network interfaces for the VPC Endpoint for CloudWatch Monitoring."},"vpc_endpoint_qldb_session_dns_entry":{"expression":{"references":["aws_vpc_endpoint.qldb_session"]},"description":"The DNS entries for the VPC Endpoint for QLDB Session."},"vpc_endpoint_qldb_session_id":{"expression":{"references":["aws_vpc_endpoint.qldb_session"]},"description":"The ID of VPC endpoint for QLDB Session"},"vpc_endpoint_qldb_session_network_interface_ids":{"expression":{"references":["aws_vpc_endpoint.qldb_session"]},"description":"One or more network interfaces for the VPC Endpoint for QLDB Session."},"vpc_endpoint_rekognition_dns_entry":{"expression":{"references":["aws_vpc_endpoint.rekognition"]},"description":"The DNS entries for the VPC Endpoint for Rekognition."},"vpc_endpoint_rekognition_id":{"expression":{"references":["aws_vpc_endpoint.rekognition"]},"description":"The ID of VPC endpoint for Rekognition"},"vpc_endpoint_rekognition_network_interface_ids":{"expression":{"references":["aws_vpc_endpoint.rekognition"]},"description":"One or more network interfaces for the VPC Endpoint for Rekognition."},"vpc_endpoint_s3_id":{"expression":{"references":["aws_vpc_endpoint.s3"]},"description":"The ID of VPC endpoint for S3"},"vpc_endpoint_s3_pl_id":{"expression":{"references":["aws_vpc_endpoint.s3"]},"description":"The prefix list for the S3 VPC endpoint."},"vpc_endpoint_sagemaker_api_dns_entry":{"expression":{"references":["aws_vpc_endpoint.sagemaker_api"]},"description":"The DNS entries for the VPC Endpoint for SageMaker API."},"vpc_endpoint_sagemaker_api_id":{"expression":{"references":["aws_vpc_endpoint.sagemaker_api"]},"description":"The ID of VPC endpoint for SageMaker API"},"vpc_endpoint_sagemaker_api_network_interface_ids":{"expression":{"references":["aws_vpc_endpoint.sagemaker_api"]},"description":"One or more network interfaces for the VPC Endpoint for SageMaker API."},"vpc_endpoint_sagemaker_runtime_dns_entry":{"expression":{"references":["aws_vpc_endpoint.sagemaker_runtime"]},"description":"The DNS entries for the VPC Endpoint for SageMaker Runtime."},"vpc_endpoint_sagemaker_runtime_id":{"expression":{"references":["aws_vpc_endpoint.sagemaker_runtime"]},"description":"The ID of VPC endpoint for SageMaker Runtime"},"vpc_endpoint_sagemaker_runtime_network_interface_ids":{"expression":{"references":["aws_vpc_endpoint.sagemaker_runtime"]},"description":"One or more network interfaces for the VPC Endpoint for SageMaker Runtime."},"vpc_endpoint_secretsmanager_dns_entry":{"expression":{"references":["aws_vpc_endpoint.secretsmanager"]},"description":"The DNS entries for the VPC Endpoint for secretsmanager."},"vpc_endpoint_secretsmanager_id":{"expression":{"references":["aws_vpc_endpoint.secretsmanager"]},"description":"The ID of VPC endpoint for secretsmanager"},"vpc_endpoint_secretsmanager_network_interface_ids":{"expression":{"references":["aws_vpc_endpoint.secretsmanager"]},"description":"One or more network interfaces for the VPC Endpoint for secretsmanager."},"vpc_endpoint_servicecatalog_dns_entry":{"expression":{"references":["aws_vpc_endpoint.servicecatalog"]},"description":"The DNS entries for the VPC Endpoint for Service Catalog."},"vpc_endpoint_servicecatalog_id":{"expression":{"references":["aws_vpc_endpoint.servicecatalog"]},"description":"The ID of VPC endpoint for Service Catalog"},"vpc_endpoint_servicecatalog_network_interface_ids":{"expression":{"references":["aws_vpc_endpoint.servicecatalog"]},"description":"One or more network interfaces for the VPC Endpoint for Service Catalog."},"vpc_endpoint_ses_dns_entry":{"expression":{"references":["aws_vpc_endpoint.ses"]},"description":"The DNS entries for the VPC Endpoint for SES."},"vpc_endpoint_ses_id":{"expression":{"references":["aws_vpc_endpoint.ses"]},"description":"The ID of VPC endpoint for SES"},"vpc_endpoint_ses_network_interface_ids":{"expression":{"references":["aws_vpc_endpoint.ses"]},"description":"One or more network interfaces for the VPC Endpoint for SES."},"vpc_endpoint_sms_dns_entry":{"expression":{"references":["aws_vpc_endpoint.sms"]},"description":"The DNS entries for the VPC Endpoint for SMS."},"vpc_endpoint_sms_id":{"expression":{"references":["aws_vpc_endpoint.sms"]},"description":"The ID of VPC endpoint for SMS"},"vpc_endpoint_sms_network_interface_ids":{"expression":{"references":["aws_vpc_endpoint.sms"]},"description":"One or more network interfaces for the VPC Endpoint for SMS."},"vpc_endpoint_sns_dns_entry":{"expression":{"references":["aws_vpc_endpoint.sns"]},"description":"The DNS entries for the VPC Endpoint for SNS."},"vpc_endpoint_sns_id":{"expression":{"references":["aws_vpc_endpoint.sns"]},"description":"The ID of VPC endpoint for SNS"},"vpc_endpoint_sns_network_interface_ids":{"expression":{"references":["aws_vpc_endpoint.sns"]},"description":"One or more network interfaces for the VPC Endpoint for SNS."},"vpc_endpoint_sqs_dns_entry":{"expression":{"references":["aws_vpc_endpoint.sqs"]},"description":"The DNS entries for the VPC Endpoint for SQS."},"vpc_endpoint_sqs_id":{"expression":{"references":["aws_vpc_endpoint.sqs"]},"description":"The ID of VPC endpoint for SQS"},"vpc_endpoint_sqs_network_interface_ids":{"expression":{"references":["aws_vpc_endpoint.sqs"]},"description":"One or more network interfaces for the VPC Endpoint for SQS."},"vpc_endpoint_ssm_dns_entry":{"expression":{"references":["aws_vpc_endpoint.ssm"]},"description":"The DNS entries for the VPC Endpoint for SSM."},"vpc_endpoint_ssm_id":{"expression":{"references":["aws_vpc_endpoint.ssm"]},"description":"The ID of VPC endpoint for SSM"},"vpc_endpoint_ssm_network_interface_ids":{"expression":{"references":["aws_vpc_endpoint.ssm"]},"description":"One or more network interfaces for the VPC Endpoint for SSM."},"vpc_endpoint_ssmmessages_dns_entry":{"expression":{"references":["aws_vpc_endpoint.ssmmessages"]},"description":"The DNS entries for the VPC Endpoint for SSMMESSAGES."},"vpc_endpoint_ssmmessages_id":{"expression":{"references":["aws_vpc_endpoint.ssmmessages"]},"description":"The ID of VPC endpoint for SSMMESSAGES"},"vpc_endpoint_ssmmessages_network_interface_ids":{"expression":{"references":["aws_vpc_endpoint.ssmmessages"]},"description":"One or more network interfaces for the VPC Endpoint for SSMMESSAGES."},"vpc_endpoint_states_dns_entry":{"expression":{"references":["aws_vpc_endpoint.states"]},"description":"The DNS entries for the VPC Endpoint for Step Function."},"vpc_endpoint_states_id":{"expression":{"references":["aws_vpc_endpoint.states"]},"description":"The ID of VPC endpoint for Step Function"},"vpc_endpoint_states_network_interface_ids":{"expression":{"references":["aws_vpc_endpoint.states"]},"description":"One or more network interfaces for the VPC Endpoint for Step Function."},"vpc_endpoint_storagegateway_dns_entry":{"expression":{"references":["aws_vpc_endpoint.storagegateway"]},"description":"The DNS entries for the VPC Endpoint for Storage Gateway."},"vpc_endpoint_storagegateway_id":{"expression":{"references":["aws_vpc_endpoint.storagegateway"]},"description":"The ID of VPC endpoint for Storage Gateway"},"vpc_endpoint_storagegateway_network_interface_ids":{"expression":{"references":["aws_vpc_endpoint.storagegateway"]},"description":"One or more network interfaces for the VPC Endpoint for Storage Gateway."},"vpc_endpoint_sts_dns_entry":{"expression":{"references":["aws_vpc_endpoint.sts"]},"description":"The DNS entries for the VPC Endpoint for STS."},"vpc_endpoint_sts_id":{"expression":{"references":["aws_vpc_endpoint.sts"]},"description":"The ID of VPC endpoint for STS"},"vpc_endpoint_sts_network_interface_ids":{"expression":{"references":["aws_vpc_endpoint.sts"]},"description":"One or more network interfaces for the VPC Endpoint for STS."},"vpc_endpoint_textract_dns_entry":{"expression":{"references":["aws_vpc_endpoint.textract"]},"description":"The DNS entries for the VPC Endpoint for Textract."},"vpc_endpoint_textract_id":{"expression":{"references":["aws_vpc_endpoint.textract"]},"description":"The ID of VPC endpoint for Textract"},"vpc_endpoint_textract_network_interface_ids":{"expression":{"references":["aws_vpc_endpoint.textract"]},"description":"One or more network interfaces for the VPC Endpoint for Textract."},"vpc_endpoint_transfer_dns_entry":{"expression":{"references":["aws_vpc_endpoint.transfer"]},"description":"The DNS entries for the VPC Endpoint for Transfer."},"vpc_endpoint_transfer_id":{"expression":{"references":["aws_vpc_endpoint.transfer"]},"description":"The ID of VPC endpoint for Transfer"},"vpc_endpoint_transfer_network_interface_ids":{"expression":{"references":["aws_vpc_endpoint.transfer"]},"description":"One or more network interfaces for the VPC Endpoint for Transfer."},"vpc_endpoint_transferserver_dns_entry":{"expression":{"references":["aws_vpc_endpoint.transferserver"]},"description":"The DNS entries for the VPC Endpoint for transferserver."},"vpc_endpoint_transferserver_id":{"expression":{"references":["aws_vpc_endpoint.transferserver"]},"description":"The ID of VPC endpoint for transferserver"},"vpc_endpoint_transferserver_network_interface_ids":{"expression":{"references":["aws_vpc_endpoint.transferserver"]},"description":"One or more network interfaces for the VPC Endpoint for transferserver"},"vpc_endpoint_workspaces_dns_entry":{"expression":{"references":["aws_vpc_endpoint.workspaces"]},"description":"The DNS entries for the VPC Endpoint for Workspaces."},"vpc_endpoint_workspaces_id":{"expression":{"references":["aws_vpc_endpoint.workspaces"]},"description":"The ID of VPC endpoint for Workspaces"},"vpc_endpoint_workspaces_network_interface_ids":{"expression":{"references":["aws_vpc_endpoint.workspaces"]},"description":"One or more network interfaces for the VPC Endpoint for Workspaces."},"vpc_flow_log_cloudwatch_iam_role_arn":{"expression":{"references":["local.flow_log_iam_role_arn"]},"description":"The ARN of the IAM role used when pushing logs to Cloudwatch log group"},"vpc_flow_log_destination_arn":{"expression":{"references":["local.flow_log_destination_arn"]},"description":"The ARN of the destination for VPC Flow Logs"},"vpc_flow_log_destination_type":{"expression":{"references":["var.flow_log_destination_type"]},"description":"The type of the destination for VPC Flow Logs"},"vpc_flow_log_id":{"expression":{"references":["aws_flow_log.this"]},"description":"The ID of the Flow Log resource"},"vpc_id":{"expression":{"references":["aws_vpc.this"]},"description":"The ID of the VPC"},"vpc_instance_tenancy":{"expression":{"references":["aws_vpc.this"]},"description":"Tenancy of instances spin up within VPC"},"vpc_ipv6_association_id":{"expression":{"references":["aws_vpc.this"]},"description":"The association ID for the IPv6 CIDR block"},"vpc_ipv6_cidr_block":{"expression":{"references":["aws_vpc.this"]},"description":"The IPv6 CIDR block"},"vpc_main_route_table_id":{"expression":{"references":["aws_vpc.this"]},"description":"The ID of the main route table associated with this VPC"},"vpc_owner_id":{"expression":{"references":["aws_vpc.this"]},"description":"The ID of the AWS account that owns the VPC"},"vpc_secondary_cidr_blocks":{"expression":{"references":["aws_vpc_ipv4_cidr_block_association.this"]},"description":"List of secondary CIDR blocks of the VPC"}},"resources":[{"address":"aws_cloudwatch_log_group.flow_log","mode":"managed","type":"aws_cloudwatch_log_group","name":"flow_log","provider_config_key":"vpc:aws","expressions":{"kms_key_id":{"references":["var.flow_log_cloudwatch_log_group_kms_key_id"]},"name":{"references":["var.flow_log_cloudwatch_log_group_name_prefix","local.vpc_id"]},"retention_in_days":{"references":["var.flow_log_cloudwatch_log_group_retention_in_days"]},"tags":{"references":["var.tags","var.vpc_flow_log_tags"]}},"schema_version":0,"count_expression":{"references":["local.create_flow_log_cloudwatch_log_group"]},"raw_data":{"FileName":".terraform/modules/atlantis.vpc/vpc-flow-logs.tf","StartLine":32,"EndLine":40}},{"address":"aws_customer_gateway.this","mode":"managed","type":"aws_customer_gateway","name":"this","provider_config_key":"vpc:aws","expressions":{"bgp_asn":{"references":["each.value"]},"ip_address":{"references":["each.value"]},"tags":{"references":["var.name","each.key","var.tags","var.customer_gateway_tags"]},"type":{"constant_value":"ipsec.1"}},"schema_version":0,"for_each_expression":{"references":["var.customer_gateways"]},"raw_data":{"FileName":".terraform/modules/atlantis.vpc/main.tf","StartLine":1064,"EndLine":1078}},{"address":"aws_db_subnet_group.database","mode":"managed","type":"aws_db_subnet_group","name":"database","provider_config_key":"vpc:aws","expressions":{"description":{"references":["var.name"]},"name":{"references":["var.name"]},"subnet_ids":{"references":["aws_subnet.database"]},"tags":{"references":["var.name","var.tags","var.database_subnet_group_tags"]}},"schema_version":0,"count_expression":{"references":["var.create_vpc","var.database_subnets","var.create_database_subnet_group"]},"raw_data":{"FileName":".terraform/modules/atlantis.vpc/main.tf","StartLine":408,"EndLine":422}},{"address":"aws_default_network_acl.this","mode":"managed","type":"aws_default_network_acl","name":"this","provider_config_key":"vpc:aws","expressions":{"default_network_acl_id":{"references":["aws_vpc.this"]},"subnet_ids":{"references":["aws_subnet.public","aws_subnet.private","aws_subnet.intra","aws_subnet.database","aws_subnet.redshift","aws_subnet.elasticache","aws_network_acl.public","aws_network_acl.private","aws_network_acl.intra","aws_network_acl.database","aws_network_acl.redshift","aws_network_acl.elasticache"]},"tags":{"references":["var.default_network_acl_name","var.tags","var.default_network_acl_tags"]}},"schema_version":0,"count_expression":{"references":["var.create_vpc","var.manage_default_network_acl"]},"raw_data":{"FileName":".terraform/modules/atlantis.vpc/main.tf","StartLine":532,"EndLine":594}},{"address":"aws_default_security_group.this","mode":"managed","type":"aws_default_security_group","name":"this","provider_config_key":"vpc:aws","expressions":{"tags":{"references":["var.default_security_group_name","var.tags","var.default_security_group_tags"]},"vpc_id":{"references":["aws_vpc.this[0]"]}},"schema_version":1,"count_expression":{"references":["var.create_vpc","var.manage_default_security_group"]},"raw_data":{"FileName":".terraform/modules/atlantis.vpc/main.tf","StartLine":57,"EndLine":99}},{"address":"aws_default_vpc.this","mode":"managed","type":"aws_default_vpc","name":"this","provider_config_key":"vpc:aws","expressions":{"enable_classiclink":{"references":["var.default_vpc_enable_classiclink"]},"enable_dns_hostnames":{"references":["var.default_vpc_enable_dns_hostnames"]},"enable_dns_support":{"references":["var.default_vpc_enable_dns_support"]},"tags":{"references":["var.default_vpc_name","var.tags","var.default_vpc_tags"]}},"schema_version":1,"count_expression":{"references":["var.manage_default_vpc"]},"raw_data":{"FileName":".terraform/modules/atlantis.vpc/main.tf","StartLine":1148,"EndLine":1162}},{"address":"aws_egress_only_internet_gateway.this","mode":"managed","type":"aws_egress_only_internet_gateway","name":"this","provider_config_key":"vpc:aws","expressions":{"tags":{"references":["var.name","var.tags","var.igw_tags"]},"vpc_id":{"references":["local.vpc_id"]}},"schema_version":0,"count_expression":{"references":["var.create_vpc","var.create_egress_only_igw","var.enable_ipv6","local.max_subnet_length"]},"raw_data":{"FileName":".terraform/modules/atlantis.vpc/main.tf","StartLine":149,"EndLine":161}},{"address":"aws_eip.nat","mode":"managed","type":"aws_eip","name":"nat","provider_config_key":"vpc:aws","expressions":{"tags":{"references":["var.name","var.azs","var.single_nat_gateway","count.index","var.tags","var.nat_eip_tags"]},"vpc":{"constant_value":true}},"schema_version":0,"count_expression":{"references":["var.create_vpc","var.enable_nat_gateway","var.reuse_nat_ips","local.nat_gateway_count"]},"raw_data":{"FileName":".terraform/modules/atlantis.vpc/main.tf","StartLine":926,"EndLine":942}},{"address":"aws_elasticache_subnet_group.elasticache","mode":"managed","type":"aws_elasticache_subnet_group","name":"elasticache","provider_config_key":"vpc:aws","expressions":{"description":{"references":["var.name"]},"name":{"references":["var.name"]},"subnet_ids":{"references":["aws_subnet.elasticache"]}},"schema_version":0,"count_expression":{"references":["var.create_vpc","var.elasticache_subnets","var.create_elasticache_subnet_group"]},"raw_data":{"FileName":".terraform/modules/atlantis.vpc/main.tf","StartLine":494,"EndLine":500}},{"address":"aws_flow_log.this","mode":"managed","type":"aws_flow_log","name":"this","provider_config_key":"vpc:aws","expressions":{"iam_role_arn":{"references":["local.flow_log_iam_role_arn"]},"log_destination":{"references":["local.flow_log_destination_arn"]},"log_destination_type":{"references":["var.flow_log_destination_type"]},"log_format":{"references":["var.flow_log_log_format"]},"max_aggregation_interval":{"references":["var.flow_log_max_aggregation_interval"]},"tags":{"references":["var.tags","var.vpc_flow_log_tags"]},"traffic_type":{"references":["var.flow_log_traffic_type"]},"vpc_id":{"references":["local.vpc_id"]}},"schema_version":0,"count_expression":{"references":["local.enable_flow_log"]},"raw_data":{"FileName":".terraform/modules/atlantis.vpc/vpc-flow-logs.tf","StartLine":15,"EndLine":27}},{"address":"aws_iam_policy.vpc_flow_log_cloudwatch","mode":"managed","type":"aws_iam_policy","name":"vpc_flow_log_cloudwatch","provider_config_key":"vpc:aws","expressions":{"name_prefix":{"constant_value":"vpc-flow-log-to-cloudwatch-"},"policy":{"references":["data.aws_iam_policy_document.vpc_flow_log_cloudwatch[0]"]}},"schema_version":0,"count_expression":{"references":["local.create_flow_log_cloudwatch_iam_role"]},"raw_data":{"FileName":".terraform/modules/atlantis.vpc/vpc-flow-logs.tf","StartLine":76,"EndLine":81}},{"address":"aws_iam_role.vpc_flow_log_cloudwatch","mode":"managed","type":"aws_iam_role","name":"vpc_flow_log_cloudwatch","provider_config_key":"vpc:aws","expressions":{"assume_role_policy":{"references":["data.aws_iam_policy_document.flow_log_cloudwatch_assume_role[0]"]},"name_prefix":{"constant_value":"vpc-flow-log-role-"},"tags":{"references":["var.tags","var.vpc_flow_log_tags"]}},"schema_version":0,"count_expression":{"references":["local.create_flow_log_cloudwatch_iam_role"]},"raw_data":{"FileName":".terraform/modules/atlantis.vpc/vpc-flow-logs.tf","StartLine":45,"EndLine":52}},{"address":"aws_iam_role_policy_attachment.vpc_flow_log_cloudwatch","mode":"managed","type":"aws_iam_role_policy_attachment","name":"vpc_flow_log_cloudwatch","provider_config_key":"vpc:aws","expressions":{"policy_arn":{"references":["aws_iam_policy.vpc_flow_log_cloudwatch[0]"]},"role":{"references":["aws_iam_role.vpc_flow_log_cloudwatch[0]"]}},"schema_version":0,"count_expression":{"references":["local.create_flow_log_cloudwatch_iam_role"]},"raw_data":{"FileName":".terraform/modules/atlantis.vpc/vpc-flow-logs.tf","StartLine":69,"EndLine":74}},{"address":"aws_internet_gateway.this","mode":"managed","type":"aws_internet_gateway","name":"this","provider_config_key":"vpc:aws","expressions":{"tags":{"references":["var.name","var.tags","var.igw_tags"]},"vpc_id":{"references":["local.vpc_id"]}},"schema_version":0,"count_expression":{"references":["var.create_vpc","var.create_igw","var.public_subnets"]},"raw_data":{"FileName":".terraform/modules/atlantis.vpc/main.tf","StartLine":135,"EndLine":147}},{"address":"aws_nat_gateway.this","mode":"managed","type":"aws_nat_gateway","name":"this","provider_config_key":"vpc:aws","expressions":{"allocation_id":{"references":["local.nat_gateway_ips","var.single_nat_gateway","count.index"]},"subnet_id":{"references":["aws_subnet.public","var.single_nat_gateway","count.index"]},"tags":{"references":["var.name","var.azs","var.single_nat_gateway","count.index","var.tags","var.nat_gateway_tags"]}},"schema_version":0,"count_expression":{"references":["var.create_vpc","var.enable_nat_gateway","local.nat_gateway_count"]},"depends_on":["aws_internet_gateway.this"],"raw_data":{"FileName":".terraform/modules/atlantis.vpc/main.tf","StartLine":944,"EndLine":969}},{"address":"aws_network_acl.database","mode":"managed","type":"aws_network_acl","name":"database","provider_config_key":"vpc:aws","expressions":{"subnet_ids":{"references":["aws_subnet.database"]},"tags":{"references":["var.database_subnet_suffix","var.name","var.tags","var.database_acl_tags"]},"vpc_id":{"references":["aws_vpc.this"]}},"schema_version":0,"count_expression":{"references":["var.create_vpc","var.database_dedicated_network_acl","var.database_subnets"]},"raw_data":{"FileName":".terraform/modules/atlantis.vpc/main.tf","StartLine":755,"EndLine":768}},{"address":"aws_network_acl.elasticache","mode":"managed","type":"aws_network_acl","name":"elasticache","provider_config_key":"vpc:aws","expressions":{"subnet_ids":{"references":["aws_subnet.elasticache"]},"tags":{"references":["var.elasticache_subnet_suffix","var.name","var.tags","var.elasticache_acl_tags"]},"vpc_id":{"references":["aws_vpc.this"]}},"schema_version":0,"count_expression":{"references":["var.create_vpc","var.elasticache_dedicated_network_acl","var.elasticache_subnets"]},"raw_data":{"FileName":".terraform/modules/atlantis.vpc/main.tf","StartLine":859,"EndLine":872}},{"address":"aws_network_acl.intra","mode":"managed","type":"aws_network_acl","name":"intra","provider_config_key":"vpc:aws","expressions":{"subnet_ids":{"references":["aws_subnet.intra"]},"tags":{"references":["var.intra_subnet_suffix","var.name","var.tags","var.intra_acl_tags"]},"vpc_id":{"references":["aws_vpc.this"]}},"schema_version":0,"count_expression":{"references":["var.create_vpc","var.intra_dedicated_network_acl","var.intra_subnets"]},"raw_data":{"FileName":".terraform/modules/atlantis.vpc/main.tf","StartLine":703,"EndLine":716}},{"address":"aws_network_acl.private","mode":"managed","type":"aws_network_acl","name":"private","provider_config_key":"vpc:aws","expressions":{"subnet_ids":{"references":["aws_subnet.private"]},"tags":{"references":["var.private_subnet_suffix","var.name","var.tags","var.private_acl_tags"]},"vpc_id":{"references":["aws_vpc.this"]}},"schema_version":0,"count_expression":{"references":["var.create_vpc","var.private_dedicated_network_acl","var.private_subnets"]},"raw_data":{"FileName":".terraform/modules/atlantis.vpc/main.tf","StartLine":651,"EndLine":664}},{"address":"aws_network_acl.public","mode":"managed","type":"aws_network_acl","name":"public","provider_config_key":"vpc:aws","expressions":{"subnet_ids":{"references":["aws_subnet.public"]},"tags":{"references":["var.public_subnet_suffix","var.name","var.tags","var.public_acl_tags"]},"vpc_id":{"references":["aws_vpc.this"]}},"schema_version":0,"count_expression":{"references":["var.create_vpc","var.public_dedicated_network_acl","var.public_subnets"]},"raw_data":{"FileName":".terraform/modules/atlantis.vpc/main.tf","StartLine":599,"EndLine":612}},{"address":"aws_network_acl.redshift","mode":"managed","type":"aws_network_acl","name":"redshift","provider_config_key":"vpc:aws","expressions":{"subnet_ids":{"references":["aws_subnet.redshift"]},"tags":{"references":["var.redshift_subnet_suffix","var.name","var.tags","var.redshift_acl_tags"]},"vpc_id":{"references":["aws_vpc.this"]}},"schema_version":0,"count_expression":{"references":["var.create_vpc","var.redshift_dedicated_network_acl","var.redshift_subnets"]},"raw_data":{"FileName":".terraform/modules/atlantis.vpc/main.tf","StartLine":807,"EndLine":820}},{"address":"aws_network_acl_rule.database_inbound","mode":"managed","type":"aws_network_acl_rule","name":"database_inbound","provider_config_key":"vpc:aws","expressions":{"cidr_block":{"references":["var.database_inbound_acl_rules","count.index"]},"egress":{"constant_value":false},"from_port":{"references":["var.database_inbound_acl_rules","count.index"]},"icmp_code":{"references":["var.database_inbound_acl_rules","count.index"]},"icmp_type":{"references":["var.database_inbound_acl_rules","count.index"]},"ipv6_cidr_block":{"references":["var.database_inbound_acl_rules","count.index"]},"network_acl_id":{"references":["aws_network_acl.database[0]"]},"protocol":{"references":["var.database_inbound_acl_rules","count.index"]},"rule_action":{"references":["var.database_inbound_acl_rules","count.index"]},"rule_number":{"references":["var.database_inbound_acl_rules","count.index"]},"to_port":{"references":["var.database_inbound_acl_rules","count.index"]}},"schema_version":0,"count_expression":{"references":["var.create_vpc","var.database_dedicated_network_acl","var.database_subnets","var.database_inbound_acl_rules"]},"raw_data":{"FileName":".terraform/modules/atlantis.vpc/main.tf","StartLine":770,"EndLine":785}},{"address":"aws_network_acl_rule.database_outbound","mode":"managed","type":"aws_network_acl_rule","name":"database_outbound","provider_config_key":"vpc:aws","expressions":{"cidr_block":{"references":["var.database_outbound_acl_rules","count.index"]},"egress":{"constant_value":true},"from_port":{"references":["var.database_outbound_acl_rules","count.index"]},"icmp_code":{"references":["var.database_outbound_acl_rules","count.index"]},"icmp_type":{"references":["var.database_outbound_acl_rules","count.index"]},"ipv6_cidr_block":{"references":["var.database_outbound_acl_rules","count.index"]},"network_acl_id":{"references":["aws_network_acl.database[0]"]},"protocol":{"references":["var.database_outbound_acl_rules","count.index"]},"rule_action":{"references":["var.database_outbound_acl_rules","count.index"]},"rule_number":{"references":["var.database_outbound_acl_rules","count.index"]},"to_port":{"references":["var.database_outbound_acl_rules","count.index"]}},"schema_version":0,"count_expression":{"references":["var.create_vpc","var.database_dedicated_network_acl","var.database_subnets","var.database_outbound_acl_rules"]},"raw_data":{"FileName":".terraform/modules/atlantis.vpc/main.tf","StartLine":787,"EndLine":802}},{"address":"aws_network_acl_rule.elasticache_inbound","mode":"managed","type":"aws_network_acl_rule","name":"elasticache_inbound","provider_config_key":"vpc:aws","expressions":{"cidr_block":{"references":["var.elasticache_inbound_acl_rules","count.index"]},"egress":{"constant_value":false},"from_port":{"references":["var.elasticache_inbound_acl_rules","count.index"]},"icmp_code":{"references":["var.elasticache_inbound_acl_rules","count.index"]},"icmp_type":{"references":["var.elasticache_inbound_acl_rules","count.index"]},"ipv6_cidr_block":{"references":["var.elasticache_inbound_acl_rules","count.index"]},"network_acl_id":{"references":["aws_network_acl.elasticache[0]"]},"protocol":{"references":["var.elasticache_inbound_acl_rules","count.index"]},"rule_action":{"references":["var.elasticache_inbound_acl_rules","count.index"]},"rule_number":{"references":["var.elasticache_inbound_acl_rules","count.index"]},"to_port":{"references":["var.elasticache_inbound_acl_rules","count.index"]}},"schema_version":0,"count_expression":{"references":["var.create_vpc","var.elasticache_dedicated_network_acl","var.elasticache_subnets","var.elasticache_inbound_acl_rules"]},"raw_data":{"FileName":".terraform/modules/atlantis.vpc/main.tf","StartLine":874,"EndLine":889}},{"address":"aws_network_acl_rule.elasticache_outbound","mode":"managed","type":"aws_network_acl_rule","name":"elasticache_outbound","provider_config_key":"vpc:aws","expressions":{"cidr_block":{"references":["var.elasticache_outbound_acl_rules","count.index"]},"egress":{"constant_value":true},"from_port":{"references":["var.elasticache_outbound_acl_rules","count.index"]},"icmp_code":{"references":["var.elasticache_outbound_acl_rules","count.index"]},"icmp_type":{"references":["var.elasticache_outbound_acl_rules","count.index"]},"ipv6_cidr_block":{"references":["var.elasticache_outbound_acl_rules","count.index"]},"network_acl_id":{"references":["aws_network_acl.elasticache[0]"]},"protocol":{"references":["var.elasticache_outbound_acl_rules","count.index"]},"rule_action":{"references":["var.elasticache_outbound_acl_rules","count.index"]},"rule_number":{"references":["var.elasticache_outbound_acl_rules","count.index"]},"to_port":{"references":["var.elasticache_outbound_acl_rules","count.index"]}},"schema_version":0,"count_expression":{"references":["var.create_vpc","var.elasticache_dedicated_network_acl","var.elasticache_subnets","var.elasticache_outbound_acl_rules"]},"raw_data":{"FileName":".terraform/modules/atlantis.vpc/main.tf","StartLine":891,"EndLine":906}},{"address":"aws_network_acl_rule.intra_inbound","mode":"managed","type":"aws_network_acl_rule","name":"intra_inbound","provider_config_key":"vpc:aws","expressions":{"cidr_block":{"references":["var.intra_inbound_acl_rules","count.index"]},"egress":{"constant_value":false},"from_port":{"references":["var.intra_inbound_acl_rules","count.index"]},"icmp_code":{"references":["var.intra_inbound_acl_rules","count.index"]},"icmp_type":{"references":["var.intra_inbound_acl_rules","count.index"]},"ipv6_cidr_block":{"references":["var.intra_inbound_acl_rules","count.index"]},"network_acl_id":{"references":["aws_network_acl.intra[0]"]},"protocol":{"references":["var.intra_inbound_acl_rules","count.index"]},"rule_action":{"references":["var.intra_inbound_acl_rules","count.index"]},"rule_number":{"references":["var.intra_inbound_acl_rules","count.index"]},"to_port":{"references":["var.intra_inbound_acl_rules","count.index"]}},"schema_version":0,"count_expression":{"references":["var.create_vpc","var.intra_dedicated_network_acl","var.intra_subnets","var.intra_inbound_acl_rules"]},"raw_data":{"FileName":".terraform/modules/atlantis.vpc/main.tf","StartLine":718,"EndLine":733}},{"address":"aws_network_acl_rule.intra_outbound","mode":"managed","type":"aws_network_acl_rule","name":"intra_outbound","provider_config_key":"vpc:aws","expressions":{"cidr_block":{"references":["var.intra_outbound_acl_rules","count.index"]},"egress":{"constant_value":true},"from_port":{"references":["var.intra_outbound_acl_rules","count.index"]},"icmp_code":{"references":["var.intra_outbound_acl_rules","count.index"]},"icmp_type":{"references":["var.intra_outbound_acl_rules","count.index"]},"ipv6_cidr_block":{"references":["var.intra_outbound_acl_rules","count.index"]},"network_acl_id":{"references":["aws_network_acl.intra[0]"]},"protocol":{"references":["var.intra_outbound_acl_rules","count.index"]},"rule_action":{"references":["var.intra_outbound_acl_rules","count.index"]},"rule_number":{"references":["var.intra_outbound_acl_rules","count.index"]},"to_port":{"references":["var.intra_outbound_acl_rules","count.index"]}},"schema_version":0,"count_expression":{"references":["var.create_vpc","var.intra_dedicated_network_acl","var.intra_subnets","var.intra_outbound_acl_rules"]},"raw_data":{"FileName":".terraform/modules/atlantis.vpc/main.tf","StartLine":735,"EndLine":750}},{"address":"aws_network_acl_rule.private_inbound","mode":"managed","type":"aws_network_acl_rule","name":"private_inbound","provider_config_key":"vpc:aws","expressions":{"cidr_block":{"references":["var.private_inbound_acl_rules","count.index"]},"egress":{"constant_value":false},"from_port":{"references":["var.private_inbound_acl_rules","count.index"]},"icmp_code":{"references":["var.private_inbound_acl_rules","count.index"]},"icmp_type":{"references":["var.private_inbound_acl_rules","count.index"]},"ipv6_cidr_block":{"references":["var.private_inbound_acl_rules","count.index"]},"network_acl_id":{"references":["aws_network_acl.private[0]"]},"protocol":{"references":["var.private_inbound_acl_rules","count.index"]},"rule_action":{"references":["var.private_inbound_acl_rules","count.index"]},"rule_number":{"references":["var.private_inbound_acl_rules","count.index"]},"to_port":{"references":["var.private_inbound_acl_rules","count.index"]}},"schema_version":0,"count_expression":{"references":["var.create_vpc","var.private_dedicated_network_acl","var.private_subnets","var.private_inbound_acl_rules"]},"raw_data":{"FileName":".terraform/modules/atlantis.vpc/main.tf","StartLine":666,"EndLine":681}},{"address":"aws_network_acl_rule.private_outbound","mode":"managed","type":"aws_network_acl_rule","name":"private_outbound","provider_config_key":"vpc:aws","expressions":{"cidr_block":{"references":["var.private_outbound_acl_rules","count.index"]},"egress":{"constant_value":true},"from_port":{"references":["var.private_outbound_acl_rules","count.index"]},"icmp_code":{"references":["var.private_outbound_acl_rules","count.index"]},"icmp_type":{"references":["var.private_outbound_acl_rules","count.index"]},"ipv6_cidr_block":{"references":["var.private_outbound_acl_rules","count.index"]},"network_acl_id":{"references":["aws_network_acl.private[0]"]},"protocol":{"references":["var.private_outbound_acl_rules","count.index"]},"rule_action":{"references":["var.private_outbound_acl_rules","count.index"]},"rule_number":{"references":["var.private_outbound_acl_rules","count.index"]},"to_port":{"references":["var.private_outbound_acl_rules","count.index"]}},"schema_version":0,"count_expression":{"references":["var.create_vpc","var.private_dedicated_network_acl","var.private_subnets","var.private_outbound_acl_rules"]},"raw_data":{"FileName":".terraform/modules/atlantis.vpc/main.tf","StartLine":683,"EndLine":698}},{"address":"aws_network_acl_rule.public_inbound","mode":"managed","type":"aws_network_acl_rule","name":"public_inbound","provider_config_key":"vpc:aws","expressions":{"cidr_block":{"references":["var.public_inbound_acl_rules","count.index"]},"egress":{"constant_value":false},"from_port":{"references":["var.public_inbound_acl_rules","count.index"]},"icmp_code":{"references":["var.public_inbound_acl_rules","count.index"]},"icmp_type":{"references":["var.public_inbound_acl_rules","count.index"]},"ipv6_cidr_block":{"references":["var.public_inbound_acl_rules","count.index"]},"network_acl_id":{"references":["aws_network_acl.public[0]"]},"protocol":{"references":["var.public_inbound_acl_rules","count.index"]},"rule_action":{"references":["var.public_inbound_acl_rules","count.index"]},"rule_number":{"references":["var.public_inbound_acl_rules","count.index"]},"to_port":{"references":["var.public_inbound_acl_rules","count.index"]}},"schema_version":0,"count_expression":{"references":["var.create_vpc","var.public_dedicated_network_acl","var.public_subnets","var.public_inbound_acl_rules"]},"raw_data":{"FileName":".terraform/modules/atlantis.vpc/main.tf","StartLine":614,"EndLine":629}},{"address":"aws_network_acl_rule.public_outbound","mode":"managed","type":"aws_network_acl_rule","name":"public_outbound","provider_config_key":"vpc:aws","expressions":{"cidr_block":{"references":["var.public_outbound_acl_rules","count.index"]},"egress":{"constant_value":true},"from_port":{"references":["var.public_outbound_acl_rules","count.index"]},"icmp_code":{"references":["var.public_outbound_acl_rules","count.index"]},"icmp_type":{"references":["var.public_outbound_acl_rules","count.index"]},"ipv6_cidr_block":{"references":["var.public_outbound_acl_rules","count.index"]},"network_acl_id":{"references":["aws_network_acl.public[0]"]},"protocol":{"references":["var.public_outbound_acl_rules","count.index"]},"rule_action":{"references":["var.public_outbound_acl_rules","count.index"]},"rule_number":{"references":["var.public_outbound_acl_rules","count.index"]},"to_port":{"references":["var.public_outbound_acl_rules","count.index"]}},"schema_version":0,"count_expression":{"references":["var.create_vpc","var.public_dedicated_network_acl","var.public_subnets","var.public_outbound_acl_rules"]},"raw_data":{"FileName":".terraform/modules/atlantis.vpc/main.tf","StartLine":631,"EndLine":646}},{"address":"aws_network_acl_rule.redshift_inbound","mode":"managed","type":"aws_network_acl_rule","name":"redshift_inbound","provider_config_key":"vpc:aws","expressions":{"cidr_block":{"references":["var.redshift_inbound_acl_rules","count.index"]},"egress":{"constant_value":false},"from_port":{"references":["var.redshift_inbound_acl_rules","count.index"]},"icmp_code":{"references":["var.redshift_inbound_acl_rules","count.index"]},"icmp_type":{"references":["var.redshift_inbound_acl_rules","count.index"]},"ipv6_cidr_block":{"references":["var.redshift_inbound_acl_rules","count.index"]},"network_acl_id":{"references":["aws_network_acl.redshift[0]"]},"protocol":{"references":["var.redshift_inbound_acl_rules","count.index"]},"rule_action":{"references":["var.redshift_inbound_acl_rules","count.index"]},"rule_number":{"references":["var.redshift_inbound_acl_rules","count.index"]},"to_port":{"references":["var.redshift_inbound_acl_rules","count.index"]}},"schema_version":0,"count_expression":{"references":["var.create_vpc","var.redshift_dedicated_network_acl","var.redshift_subnets","var.redshift_inbound_acl_rules"]},"raw_data":{"FileName":".terraform/modules/atlantis.vpc/main.tf","StartLine":822,"EndLine":837}},{"address":"aws_network_acl_rule.redshift_outbound","mode":"managed","type":"aws_network_acl_rule","name":"redshift_outbound","provider_config_key":"vpc:aws","expressions":{"cidr_block":{"references":["var.redshift_outbound_acl_rules","count.index"]},"egress":{"constant_value":true},"from_port":{"references":["var.redshift_outbound_acl_rules","count.index"]},"icmp_code":{"references":["var.redshift_outbound_acl_rules","count.index"]},"icmp_type":{"references":["var.redshift_outbound_acl_rules","count.index"]},"ipv6_cidr_block":{"references":["var.redshift_outbound_acl_rules","count.index"]},"network_acl_id":{"references":["aws_network_acl.redshift[0]"]},"protocol":{"references":["var.redshift_outbound_acl_rules","count.index"]},"rule_action":{"references":["var.redshift_outbound_acl_rules","count.index"]},"rule_number":{"references":["var.redshift_outbound_acl_rules","count.index"]},"to_port":{"references":["var.redshift_outbound_acl_rules","count.index"]}},"schema_version":0,"count_expression":{"references":["var.create_vpc","var.redshift_dedicated_network_acl","var.redshift_subnets","var.redshift_outbound_acl_rules"]},"raw_data":{"FileName":".terraform/modules/atlantis.vpc/main.tf","StartLine":839,"EndLine":854}},{"address":"aws_redshift_subnet_group.redshift","mode":"managed","type":"aws_redshift_subnet_group","name":"redshift","provider_config_key":"vpc:aws","expressions":{"description":{"references":["var.name"]},"name":{"references":["var.name"]},"subnet_ids":{"references":["aws_subnet.redshift"]},"tags":{"references":["var.name","var.tags","var.redshift_subnet_group_tags"]}},"schema_version":0,"count_expression":{"references":["var.create_vpc","var.redshift_subnets","var.create_redshift_subnet_group"]},"raw_data":{"FileName":".terraform/modules/atlantis.vpc/main.tf","StartLine":451,"EndLine":465}},{"address":"aws_route.database_internet_gateway","mode":"managed","type":"aws_route","name":"database_internet_gateway","provider_config_key":"vpc:aws","expressions":{"destination_cidr_block":{"constant_value":"0.0.0.0/0"},"gateway_id":{"references":["aws_internet_gateway.this[0]"]},"route_table_id":{"references":["aws_route_table.database[0]"]},"timeouts":{"create":{"constant_value":"5m"}}},"schema_version":0,"count_expression":{"references":["var.create_vpc","var.create_igw","var.create_database_subnet_route_table","var.database_subnets","var.create_database_internet_gateway_route","var.create_database_nat_gateway_route"]},"raw_data":{"FileName":".terraform/modules/atlantis.vpc/main.tf","StartLine":239,"EndLine":249}},{"address":"aws_route.database_ipv6_egress","mode":"managed","type":"aws_route","name":"database_ipv6_egress","provider_config_key":"vpc:aws","expressions":{"destination_ipv6_cidr_block":{"constant_value":"::/0"},"egress_only_gateway_id":{"references":["aws_egress_only_internet_gateway.this[0]"]},"route_table_id":{"references":["aws_route_table.database[0]"]},"timeouts":{"create":{"constant_value":"5m"}}},"schema_version":0,"count_expression":{"references":["var.create_vpc","var.create_egress_only_igw","var.enable_ipv6","var.create_database_subnet_route_table","var.database_subnets","var.create_database_internet_gateway_route"]},"raw_data":{"FileName":".terraform/modules/atlantis.vpc/main.tf","StartLine":263,"EndLine":273}},{"address":"aws_route.database_nat_gateway","mode":"managed","type":"aws_route","name":"database_nat_gateway","provider_config_key":"vpc:aws","expressions":{"destination_cidr_block":{"constant_value":"0.0.0.0/0"},"nat_gateway_id":{"references":["aws_nat_gateway.this","count.index"]},"route_table_id":{"references":["aws_route_table.database","count.index"]},"timeouts":{"create":{"constant_value":"5m"}}},"schema_version":0,"count_expression":{"references":["var.create_vpc","var.create_database_subnet_route_table","var.database_subnets","var.create_database_internet_gateway_route","var.create_database_nat_gateway_route","var.enable_nat_gateway","local.nat_gateway_count"]},"raw_data":{"FileName":".terraform/modules/atlantis.vpc/main.tf","StartLine":251,"EndLine":261}},{"address":"aws_route.private_ipv6_egress","mode":"managed","type":"aws_route","name":"private_ipv6_egress","provider_config_key":"vpc:aws","expressions":{"destination_ipv6_cidr_block":{"constant_value":"::/0"},"egress_only_gateway_id":{"references":["aws_egress_only_internet_gateway.this"]},"route_table_id":{"references":["aws_route_table.private","count.index"]}},"schema_version":0,"count_expression":{"references":["var.create_vpc","var.create_egress_only_igw","var.enable_ipv6","var.private_subnets"]},"raw_data":{"FileName":".terraform/modules/atlantis.vpc/main.tf","StartLine":983,"EndLine":989}},{"address":"aws_route.private_nat_gateway","mode":"managed","type":"aws_route","name":"private_nat_gateway","provider_config_key":"vpc:aws","expressions":{"destination_cidr_block":{"constant_value":"0.0.0.0/0"},"nat_gateway_id":{"references":["aws_nat_gateway.this","count.index"]},"route_table_id":{"references":["aws_route_table.private","count.index"]},"timeouts":{"create":{"constant_value":"5m"}}},"schema_version":0,"count_expression":{"references":["var.create_vpc","var.enable_nat_gateway","local.nat_gateway_count"]},"raw_data":{"FileName":".terraform/modules/atlantis.vpc/main.tf","StartLine":971,"EndLine":981}},{"address":"aws_route.public_internet_gateway","mode":"managed","type":"aws_route","name":"public_internet_gateway","provider_config_key":"vpc:aws","expressions":{"destination_cidr_block":{"constant_value":"0.0.0.0/0"},"gateway_id":{"references":["aws_internet_gateway.this[0]"]},"route_table_id":{"references":["aws_route_table.public[0]"]},"timeouts":{"create":{"constant_value":"5m"}}},"schema_version":0,"count_expression":{"references":["var.create_vpc","var.create_igw","var.public_subnets"]},"raw_data":{"FileName":".terraform/modules/atlantis.vpc/main.tf","StartLine":180,"EndLine":190}},{"address":"aws_route.public_internet_gateway_ipv6","mode":"managed","type":"aws_route","name":"public_internet_gateway_ipv6","provider_config_key":"vpc:aws","expressions":{"destination_ipv6_cidr_block":{"constant_value":"::/0"},"gateway_id":{"references":["aws_internet_gateway.this[0]"]},"route_table_id":{"references":["aws_route_table.public[0]"]}},"schema_version":0,"count_expression":{"references":["var.create_vpc","var.create_igw","var.enable_ipv6","var.public_subnets"]},"raw_data":{"FileName":".terraform/modules/atlantis.vpc/main.tf","StartLine":192,"EndLine":198}},{"address":"aws_route_table.database","mode":"managed","type":"aws_route_table","name":"database","provider_config_key":"vpc:aws","expressions":{"tags":{"references":["var.name","var.database_subnet_suffix","var.tags","var.database_route_table_tags"]},"vpc_id":{"references":["local.vpc_id"]}},"schema_version":0,"count_expression":{"references":["var.create_vpc","var.create_database_subnet_route_table","var.database_subnets"]},"raw_data":{"FileName":".terraform/modules/atlantis.vpc/main.tf","StartLine":225,"EndLine":237}},{"address":"aws_route_table.elasticache","mode":"managed","type":"aws_route_table","name":"elasticache","provider_config_key":"vpc:aws","expressions":{"tags":{"references":["var.name","var.elasticache_subnet_suffix","var.tags","var.elasticache_route_table_tags"]},"vpc_id":{"references":["local.vpc_id"]}},"schema_version":0,"count_expression":{"references":["var.create_vpc","var.create_elasticache_subnet_route_table","var.elasticache_subnets"]},"raw_data":{"FileName":".terraform/modules/atlantis.vpc/main.tf","StartLine":295,"EndLine":307}},{"address":"aws_route_table.intra","mode":"managed","type":"aws_route_table","name":"intra","provider_config_key":"vpc:aws","expressions":{"tags":{"references":["var.name","var.intra_subnet_suffix","var.tags","var.intra_route_table_tags"]},"vpc_id":{"references":["local.vpc_id"]}},"schema_version":0,"count_expression":{"references":["var.create_vpc","var.intra_subnets"]},"raw_data":{"FileName":".terraform/modules/atlantis.vpc/main.tf","StartLine":312,"EndLine":324}},{"address":"aws_route_table.private","mode":"managed","type":"aws_route_table","name":"private","provider_config_key":"vpc:aws","expressions":{"tags":{"references":["var.single_nat_gateway","var.name","var.private_subnet_suffix","var.private_subnet_suffix","var.name","var.azs","count.index","var.tags","var.private_route_table_tags"]},"vpc_id":{"references":["local.vpc_id"]}},"schema_version":0,"count_expression":{"references":["var.create_vpc","local.max_subnet_length","local.nat_gateway_count"]},"raw_data":{"FileName":".terraform/modules/atlantis.vpc/main.tf","StartLine":204,"EndLine":220}},{"address":"aws_route_table.public","mode":"managed","type":"aws_route_table","name":"public","provider_config_key":"vpc:aws","expressions":{"tags":{"references":["var.public_subnet_suffix","var.name","var.tags","var.public_route_table_tags"]},"vpc_id":{"references":["local.vpc_id"]}},"schema_version":0,"count_expression":{"references":["var.create_vpc","var.public_subnets"]},"raw_data":{"FileName":".terraform/modules/atlantis.vpc/main.tf","StartLine":166,"EndLine":178}},{"address":"aws_route_table.redshift","mode":"managed","type":"aws_route_table","name":"redshift","provider_config_key":"vpc:aws","expressions":{"tags":{"references":["var.name","var.redshift_subnet_suffix","var.tags","var.redshift_route_table_tags"]},"vpc_id":{"references":["local.vpc_id"]}},"schema_version":0,"count_expression":{"references":["var.create_vpc","var.create_redshift_subnet_route_table","var.redshift_subnets"]},"raw_data":{"FileName":".terraform/modules/atlantis.vpc/main.tf","StartLine":278,"EndLine":290}},{"address":"aws_route_table_association.database","mode":"managed","type":"aws_route_table_association","name":"database","provider_config_key":"vpc:aws","expressions":{"route_table_id":{"references":["aws_route_table.database","aws_route_table.private","var.single_nat_gateway","var.create_database_subnet_route_table","count.index"]},"subnet_id":{"references":["aws_subnet.database","count.index"]}},"schema_version":0,"count_expression":{"references":["var.create_vpc","var.database_subnets","var.database_subnets"]},"raw_data":{"FileName":".terraform/modules/atlantis.vpc/main.tf","StartLine":1004,"EndLine":1012}},{"address":"aws_route_table_association.elasticache","mode":"managed","type":"aws_route_table_association","name":"elasticache","provider_config_key":"vpc:aws","expressions":{"route_table_id":{"references":["aws_route_table.elasticache","aws_route_table.private","var.single_nat_gateway","var.create_elasticache_subnet_route_table","count.index"]},"subnet_id":{"references":["aws_subnet.elasticache","count.index"]}},"schema_version":0,"count_expression":{"references":["var.create_vpc","var.elasticache_subnets","var.elasticache_subnets"]},"raw_data":{"FileName":".terraform/modules/atlantis.vpc/main.tf","StartLine":1034,"EndLine":1045}},{"address":"aws_route_table_association.intra","mode":"managed","type":"aws_route_table_association","name":"intra","provider_config_key":"vpc:aws","expressions":{"route_table_id":{"references":["aws_route_table.intra"]},"subnet_id":{"references":["aws_subnet.intra","count.index"]}},"schema_version":0,"count_expression":{"references":["var.create_vpc","var.intra_subnets","var.intra_subnets"]},"raw_data":{"FileName":".terraform/modules/atlantis.vpc/main.tf","StartLine":1047,"EndLine":1052}},{"address":"aws_route_table_association.private","mode":"managed","type":"aws_route_table_association","name":"private","provider_config_key":"vpc:aws","expressions":{"route_table_id":{"references":["aws_route_table.private","var.single_nat_gateway","count.index"]},"subnet_id":{"references":["aws_subnet.private","count.index"]}},"schema_version":0,"count_expression":{"references":["var.create_vpc","var.private_subnets","var.private_subnets"]},"raw_data":{"FileName":".terraform/modules/atlantis.vpc/main.tf","StartLine":994,"EndLine":1002}},{"address":"aws_route_table_association.public","mode":"managed","type":"aws_route_table_association","name":"public","provider_config_key":"vpc:aws","expressions":{"route_table_id":{"references":["aws_route_table.public[0]"]},"subnet_id":{"references":["aws_subnet.public","count.index"]}},"schema_version":0,"count_expression":{"references":["var.create_vpc","var.public_subnets","var.public_subnets"]},"raw_data":{"FileName":".terraform/modules/atlantis.vpc/main.tf","StartLine":1054,"EndLine":1059}},{"address":"aws_route_table_association.redshift","mode":"managed","type":"aws_route_table_association","name":"redshift","provider_config_key":"vpc:aws","expressions":{"route_table_id":{"references":["aws_route_table.redshift","aws_route_table.private","var.single_nat_gateway","var.create_redshift_subnet_route_table","count.index"]},"subnet_id":{"references":["aws_subnet.redshift","count.index"]}},"schema_version":0,"count_expression":{"references":["var.create_vpc","var.redshift_subnets","var.enable_public_redshift","var.redshift_subnets"]},"raw_data":{"FileName":".terraform/modules/atlantis.vpc/main.tf","StartLine":1014,"EndLine":1022}},{"address":"aws_route_table_association.redshift_public","mode":"managed","type":"aws_route_table_association","name":"redshift_public","provider_config_key":"vpc:aws","expressions":{"route_table_id":{"references":["aws_route_table.redshift","aws_route_table.public","var.single_nat_gateway","var.create_redshift_subnet_route_table","count.index"]},"subnet_id":{"references":["aws_subnet.redshift","count.index"]}},"schema_version":0,"count_expression":{"references":["var.create_vpc","var.redshift_subnets","var.enable_public_redshift","var.redshift_subnets"]},"raw_data":{"FileName":".terraform/modules/atlantis.vpc/main.tf","StartLine":1024,"EndLine":1032}},{"address":"aws_subnet.database","mode":"managed","type":"aws_subnet","name":"database","provider_config_key":"vpc:aws","expressions":{"assign_ipv6_address_on_creation":{"references":["var.database_subnet_assign_ipv6_address_on_creation","var.assign_ipv6_address_on_creation","var.database_subnet_assign_ipv6_address_on_creation"]},"availability_zone":{"references":["var.azs","count.index","var.azs","count.index"]},"availability_zone_id":{"references":["var.azs","count.index","var.azs","count.index"]},"cidr_block":{"references":["var.database_subnets","count.index"]},"ipv6_cidr_block":{"references":["var.enable_ipv6","var.database_subnet_ipv6_prefixes","aws_vpc.this[0]","var.database_subnet_ipv6_prefixes","count.index"]},"tags":{"references":["var.database_subnet_suffix","var.name","var.azs","count.index","var.tags","var.database_subnet_tags"]},"vpc_id":{"references":["local.vpc_id"]}},"schema_version":1,"count_expression":{"references":["var.create_vpc","var.database_subnets","var.database_subnets"]},"raw_data":{"FileName":".terraform/modules/atlantis.vpc/main.tf","StartLine":384,"EndLine":406}},{"address":"aws_subnet.elasticache","mode":"managed","type":"aws_subnet","name":"elasticache","provider_config_key":"vpc:aws","expressions":{"assign_ipv6_address_on_creation":{"references":["var.elasticache_subnet_assign_ipv6_address_on_creation","var.assign_ipv6_address_on_creation","var.elasticache_subnet_assign_ipv6_address_on_creation"]},"availability_zone":{"references":["var.azs","count.index","var.azs","count.index"]},"availability_zone_id":{"references":["var.azs","count.index","var.azs","count.index"]},"cidr_block":{"references":["var.elasticache_subnets","count.index"]},"ipv6_cidr_block":{"references":["var.enable_ipv6","var.elasticache_subnet_ipv6_prefixes","aws_vpc.this[0]","var.elasticache_subnet_ipv6_prefixes","count.index"]},"tags":{"references":["var.elasticache_subnet_suffix","var.name","var.azs","count.index","var.tags","var.elasticache_subnet_tags"]},"vpc_id":{"references":["local.vpc_id"]}},"schema_version":1,"count_expression":{"references":["var.create_vpc","var.elasticache_subnets","var.elasticache_subnets"]},"raw_data":{"FileName":".terraform/modules/atlantis.vpc/main.tf","StartLine":470,"EndLine":492}},{"address":"aws_subnet.intra","mode":"managed","type":"aws_subnet","name":"intra","provider_config_key":"vpc:aws","expressions":{"assign_ipv6_address_on_creation":{"references":["var.intra_subnet_assign_ipv6_address_on_creation","var.assign_ipv6_address_on_creation","var.intra_subnet_assign_ipv6_address_on_creation"]},"availability_zone":{"references":["var.azs","count.index","var.azs","count.index"]},"availability_zone_id":{"references":["var.azs","count.index","var.azs","count.index"]},"cidr_block":{"references":["var.intra_subnets","count.index"]},"ipv6_cidr_block":{"references":["var.enable_ipv6","var.intra_subnet_ipv6_prefixes","aws_vpc.this[0]","var.intra_subnet_ipv6_prefixes","count.index"]},"tags":{"references":["var.intra_subnet_suffix","var.name","var.azs","count.index","var.tags","var.intra_subnet_tags"]},"vpc_id":{"references":["local.vpc_id"]}},"schema_version":1,"count_expression":{"references":["var.create_vpc","var.intra_subnets","var.intra_subnets"]},"raw_data":{"FileName":".terraform/modules/atlantis.vpc/main.tf","StartLine":505,"EndLine":527}},{"address":"aws_subnet.private","mode":"managed","type":"aws_subnet","name":"private","provider_config_key":"vpc:aws","expressions":{"assign_ipv6_address_on_creation":{"references":["var.private_subnet_assign_ipv6_address_on_creation","var.assign_ipv6_address_on_creation","var.private_subnet_assign_ipv6_address_on_creation"]},"availability_zone":{"references":["var.azs","count.index","var.azs","count.index"]},"availability_zone_id":{"references":["var.azs","count.index","var.azs","count.index"]},"cidr_block":{"references":["var.private_subnets","count.index"]},"ipv6_cidr_block":{"references":["var.enable_ipv6","var.private_subnet_ipv6_prefixes","aws_vpc.this[0]","var.private_subnet_ipv6_prefixes","count.index"]},"tags":{"references":["var.private_subnet_suffix","var.name","var.azs","count.index","var.tags","var.private_subnet_tags"]},"vpc_id":{"references":["local.vpc_id"]}},"schema_version":1,"count_expression":{"references":["var.create_vpc","var.private_subnets","var.private_subnets"]},"raw_data":{"FileName":".terraform/modules/atlantis.vpc/main.tf","StartLine":357,"EndLine":379}},{"address":"aws_subnet.public","mode":"managed","type":"aws_subnet","name":"public","provider_config_key":"vpc:aws","expressions":{"assign_ipv6_address_on_creation":{"references":["var.public_subnet_assign_ipv6_address_on_creation","var.assign_ipv6_address_on_creation","var.public_subnet_assign_ipv6_address_on_creation"]},"availability_zone":{"references":["var.azs","count.index","var.azs","count.index"]},"availability_zone_id":{"references":["var.azs","count.index","var.azs","count.index"]},"cidr_block":{"references":["var.public_subnets","count.index"]},"ipv6_cidr_block":{"references":["var.enable_ipv6","var.public_subnet_ipv6_prefixes","aws_vpc.this[0]","var.public_subnet_ipv6_prefixes","count.index"]},"map_public_ip_on_launch":{"references":["var.map_public_ip_on_launch"]},"tags":{"references":["var.public_subnet_suffix","var.name","var.azs","count.index","var.tags","var.public_subnet_tags"]},"vpc_id":{"references":["local.vpc_id"]}},"schema_version":1,"count_expression":{"references":["var.create_vpc","var.public_subnets","var.one_nat_gateway_per_az","var.public_subnets","var.azs","var.public_subnets"]},"raw_data":{"FileName":".terraform/modules/atlantis.vpc/main.tf","StartLine":329,"EndLine":352}},{"address":"aws_subnet.redshift","mode":"managed","type":"aws_subnet","name":"redshift","provider_config_key":"vpc:aws","expressions":{"assign_ipv6_address_on_creation":{"references":["var.redshift_subnet_assign_ipv6_address_on_creation","var.assign_ipv6_address_on_creation","var.redshift_subnet_assign_ipv6_address_on_creation"]},"availability_zone":{"references":["var.azs","count.index","var.azs","count.index"]},"availability_zone_id":{"references":["var.azs","count.index","var.azs","count.index"]},"cidr_block":{"references":["var.redshift_subnets","count.index"]},"ipv6_cidr_block":{"references":["var.enable_ipv6","var.redshift_subnet_ipv6_prefixes","aws_vpc.this[0]","var.redshift_subnet_ipv6_prefixes","count.index"]},"tags":{"references":["var.redshift_subnet_suffix","var.name","var.azs","count.index","var.tags","var.redshift_subnet_tags"]},"vpc_id":{"references":["local.vpc_id"]}},"schema_version":1,"count_expression":{"references":["var.create_vpc","var.redshift_subnets","var.redshift_subnets"]},"raw_data":{"FileName":".terraform/modules/atlantis.vpc/main.tf","StartLine":427,"EndLine":449}},{"address":"aws_vpc.this","mode":"managed","type":"aws_vpc","name":"this","provider_config_key":"vpc:aws","expressions":{"assign_generated_ipv6_cidr_block":{"references":["var.enable_ipv6"]},"cidr_block":{"references":["var.cidr"]},"enable_classiclink":{"references":["var.enable_classiclink"]},"enable_classiclink_dns_support":{"references":["var.enable_classiclink_dns_support"]},"enable_dns_hostnames":{"references":["var.enable_dns_hostnames"]},"enable_dns_support":{"references":["var.enable_dns_support"]},"instance_tenancy":{"references":["var.instance_tenancy"]},"tags":{"references":["var.name","var.tags","var.vpc_tags"]}},"schema_version":1,"count_expression":{"references":["var.create_vpc"]},"raw_data":{"FileName":".terraform/modules/atlantis.vpc/main.tf","StartLine":29,"EndLine":47}},{"address":"aws_vpc_dhcp_options.this","mode":"managed","type":"aws_vpc_dhcp_options","name":"this","provider_config_key":"vpc:aws","expressions":{"domain_name":{"references":["var.dhcp_options_domain_name"]},"domain_name_servers":{"references":["var.dhcp_options_domain_name_servers"]},"netbios_name_servers":{"references":["var.dhcp_options_netbios_name_servers"]},"netbios_node_type":{"references":["var.dhcp_options_netbios_node_type"]},"ntp_servers":{"references":["var.dhcp_options_ntp_servers"]},"tags":{"references":["var.name","var.tags","var.dhcp_options_tags"]}},"schema_version":0,"count_expression":{"references":["var.create_vpc","var.enable_dhcp_options"]},"raw_data":{"FileName":".terraform/modules/atlantis.vpc/main.tf","StartLine":104,"EndLine":120}},{"address":"aws_vpc_dhcp_options_association.this","mode":"managed","type":"aws_vpc_dhcp_options_association","name":"this","provider_config_key":"vpc:aws","expressions":{"dhcp_options_id":{"references":["aws_vpc_dhcp_options.this[0]"]},"vpc_id":{"references":["local.vpc_id"]}},"schema_version":0,"count_expression":{"references":["var.create_vpc","var.enable_dhcp_options"]},"raw_data":{"FileName":".terraform/modules/atlantis.vpc/main.tf","StartLine":125,"EndLine":130}},{"address":"aws_vpc_endpoint.access_analyzer","mode":"managed","type":"aws_vpc_endpoint","name":"access_analyzer","provider_config_key":"vpc:aws","expressions":{"private_dns_enabled":{"references":["var.access_analyzer_endpoint_private_dns_enabled"]},"security_group_ids":{"references":["var.access_analyzer_endpoint_security_group_ids"]},"service_name":{"references":["data.aws_vpc_endpoint_service.access_analyzer[0]"]},"subnet_ids":{"references":["var.access_analyzer_endpoint_subnet_ids","aws_subnet.private"]},"tags":{"references":["local.vpce_tags"]},"vpc_endpoint_type":{"constant_value":"Interface"},"vpc_id":{"references":["local.vpc_id"]}},"schema_version":0,"count_expression":{"references":["var.create_vpc","var.enable_access_analyzer_endpoint"]},"raw_data":{"FileName":".terraform/modules/atlantis.vpc/vpc-endpoints.tf","StartLine":1128,"EndLine":1140}},{"address":"aws_vpc_endpoint.acm_pca","mode":"managed","type":"aws_vpc_endpoint","name":"acm_pca","provider_config_key":"vpc:aws","expressions":{"private_dns_enabled":{"references":["var.acm_pca_endpoint_private_dns_enabled"]},"security_group_ids":{"references":["var.acm_pca_endpoint_security_group_ids"]},"service_name":{"references":["data.aws_vpc_endpoint_service.acm_pca[0]"]},"subnet_ids":{"references":["var.acm_pca_endpoint_subnet_ids","aws_subnet.private"]},"tags":{"references":["local.vpce_tags"]},"vpc_endpoint_type":{"constant_value":"Interface"},"vpc_id":{"references":["local.vpc_id"]}},"schema_version":0,"count_expression":{"references":["var.create_vpc","var.enable_acm_pca_endpoint"]},"raw_data":{"FileName":".terraform/modules/atlantis.vpc/vpc-endpoints.tf","StartLine":1358,"EndLine":1370}},{"address":"aws_vpc_endpoint.apigw","mode":"managed","type":"aws_vpc_endpoint","name":"apigw","provider_config_key":"vpc:aws","expressions":{"private_dns_enabled":{"references":["var.apigw_endpoint_private_dns_enabled"]},"security_group_ids":{"references":["var.apigw_endpoint_security_group_ids"]},"service_name":{"references":["data.aws_vpc_endpoint_service.apigw[0]"]},"subnet_ids":{"references":["var.apigw_endpoint_subnet_ids","aws_subnet.private"]},"tags":{"references":["local.vpce_tags"]},"vpc_endpoint_type":{"constant_value":"Interface"},"vpc_id":{"references":["local.vpc_id"]}},"schema_version":0,"count_expression":{"references":["var.create_vpc","var.enable_apigw_endpoint"]},"raw_data":{"FileName":".terraform/modules/atlantis.vpc/vpc-endpoints.tf","StartLine":417,"EndLine":428}},{"address":"aws_vpc_endpoint.appmesh_envoy_management","mode":"managed","type":"aws_vpc_endpoint","name":"appmesh_envoy_management","provider_config_key":"vpc:aws","expressions":{"private_dns_enabled":{"references":["var.appmesh_envoy_management_endpoint_private_dns_enabled"]},"security_group_ids":{"references":["var.appmesh_envoy_management_endpoint_security_group_ids"]},"service_name":{"references":["data.aws_vpc_endpoint_service.appmesh_envoy_management[0]"]},"subnet_ids":{"references":["var.appmesh_envoy_management_endpoint_subnet_ids","aws_subnet.private"]},"tags":{"references":["local.vpce_tags"]},"vpc_endpoint_type":{"constant_value":"Interface"},"vpc_id":{"references":["local.vpc_id"]}},"schema_version":0,"count_expression":{"references":["var.create_vpc","var.enable_appmesh_envoy_management_endpoint"]},"raw_data":{"FileName":".terraform/modules/atlantis.vpc/vpc-endpoints.tf","StartLine":821,"EndLine":832}},{"address":"aws_vpc_endpoint.appstream_api","mode":"managed","type":"aws_vpc_endpoint","name":"appstream_api","provider_config_key":"vpc:aws","expressions":{"private_dns_enabled":{"references":["var.appstream_api_endpoint_private_dns_enabled"]},"security_group_ids":{"references":["var.appstream_api_endpoint_security_group_ids"]},"service_name":{"references":["data.aws_vpc_endpoint_service.appstream_api[0]"]},"subnet_ids":{"references":["var.appstream_api_endpoint_subnet_ids","aws_subnet.private"]},"tags":{"references":["local.vpce_tags"]},"vpc_endpoint_type":{"constant_value":"Interface"},"vpc_id":{"references":["local.vpc_id"]}},"schema_version":0,"count_expression":{"references":["var.create_vpc","var.enable_appstream_api_endpoint"]},"raw_data":{"FileName":".terraform/modules/atlantis.vpc/vpc-endpoints.tf","StartLine":948,"EndLine":959}},{"address":"aws_vpc_endpoint.appstream_streaming","mode":"managed","type":"aws_vpc_endpoint","name":"appstream_streaming","provider_config_key":"vpc:aws","expressions":{"private_dns_enabled":{"references":["var.appstream_streaming_endpoint_private_dns_enabled"]},"security_group_ids":{"references":["var.appstream_streaming_endpoint_security_group_ids"]},"service_name":{"references":["data.aws_vpc_endpoint_service.appstream_streaming[0]"]},"subnet_ids":{"references":["var.appstream_streaming_endpoint_subnet_ids","aws_subnet.private"]},"tags":{"references":["local.vpce_tags"]},"vpc_endpoint_type":{"constant_value":"Interface"},"vpc_id":{"references":["local.vpc_id"]}},"schema_version":0,"count_expression":{"references":["var.create_vpc","var.enable_appstream_streaming_endpoint"]},"raw_data":{"FileName":".terraform/modules/atlantis.vpc/vpc-endpoints.tf","StartLine":970,"EndLine":981}},{"address":"aws_vpc_endpoint.athena","mode":"managed","type":"aws_vpc_endpoint","name":"athena","provider_config_key":"vpc:aws","expressions":{"private_dns_enabled":{"references":["var.athena_endpoint_private_dns_enabled"]},"security_group_ids":{"references":["var.athena_endpoint_security_group_ids"]},"service_name":{"references":["data.aws_vpc_endpoint_service.athena[0]"]},"subnet_ids":{"references":["var.athena_endpoint_subnet_ids","aws_subnet.private"]},"tags":{"references":["local.vpce_tags"]},"vpc_endpoint_type":{"constant_value":"Interface"},"vpc_id":{"references":["local.vpc_id"]}},"schema_version":0,"count_expression":{"references":["var.create_vpc","var.enable_athena_endpoint"]},"raw_data":{"FileName":".terraform/modules/atlantis.vpc/vpc-endpoints.tf","StartLine":992,"EndLine":1003}},{"address":"aws_vpc_endpoint.auto_scaling_plans","mode":"managed","type":"aws_vpc_endpoint","name":"auto_scaling_plans","provider_config_key":"vpc:aws","expressions":{"private_dns_enabled":{"references":["var.auto_scaling_plans_endpoint_private_dns_enabled"]},"security_group_ids":{"references":["var.auto_scaling_plans_endpoint_security_group_ids"]},"service_name":{"references":["data.aws_vpc_endpoint_service.auto_scaling_plans[0]"]},"subnet_ids":{"references":["var.auto_scaling_plans_endpoint_subnet_ids","aws_subnet.private"]},"tags":{"references":["local.vpce_tags"]},"vpc_endpoint_type":{"constant_value":"Interface"},"vpc_id":{"references":["local.vpc_id"]}},"schema_version":0,"count_expression":{"references":["var.create_vpc","var.enable_auto_scaling_plans_endpoint"]},"raw_data":{"FileName":".terraform/modules/atlantis.vpc/vpc-endpoints.tf","StartLine":1082,"EndLine":1094}},{"address":"aws_vpc_endpoint.cloud_directory","mode":"managed","type":"aws_vpc_endpoint","name":"cloud_directory","provider_config_key":"vpc:aws","expressions":{"private_dns_enabled":{"references":["var.cloud_directory_endpoint_private_dns_enabled"]},"security_group_ids":{"references":["var.cloud_directory_endpoint_security_group_ids"]},"service_name":{"references":["data.aws_vpc_endpoint_service.cloud_directory[0]"]},"subnet_ids":{"references":["var.cloud_directory_endpoint_subnet_ids","aws_subnet.private"]},"tags":{"references":["local.vpce_tags"]},"vpc_endpoint_type":{"constant_value":"Interface"},"vpc_id":{"references":["local.vpc_id"]}},"schema_version":0,"count_expression":{"references":["var.create_vpc","var.enable_cloud_directory_endpoint"]},"raw_data":{"FileName":".terraform/modules/atlantis.vpc/vpc-endpoints.tf","StartLine":1059,"EndLine":1071}},{"address":"aws_vpc_endpoint.cloudformation","mode":"managed","type":"aws_vpc_endpoint","name":"cloudformation","provider_config_key":"vpc:aws","expressions":{"private_dns_enabled":{"references":["var.cloudformation_endpoint_private_dns_enabled"]},"security_group_ids":{"references":["var.cloudformation_endpoint_security_group_ids"]},"service_name":{"references":["data.aws_vpc_endpoint_service.cloudformation[0]"]},"subnet_ids":{"references":["var.cloudformation_endpoint_subnet_ids","aws_subnet.private"]},"tags":{"references":["local.vpce_tags"]},"vpc_endpoint_type":{"constant_value":"Interface"},"vpc_id":{"references":["local.vpc_id"]}},"schema_version":0,"count_expression":{"references":["var.create_vpc","var.enable_cloudformation_endpoint"]},"raw_data":{"FileName":".terraform/modules/atlantis.vpc/vpc-endpoints.tf","StartLine":779,"EndLine":790}},{"address":"aws_vpc_endpoint.cloudtrail","mode":"managed","type":"aws_vpc_endpoint","name":"cloudtrail","provider_config_key":"vpc:aws","expressions":{"private_dns_enabled":{"references":["var.cloudtrail_endpoint_private_dns_enabled"]},"security_group_ids":{"references":["var.cloudtrail_endpoint_security_group_ids"]},"service_name":{"references":["data.aws_vpc_endpoint_service.cloudtrail[0]"]},"subnet_ids":{"references":["var.cloudtrail_endpoint_subnet_ids","aws_subnet.private"]},"tags":{"references":["local.vpce_tags"]},"vpc_endpoint_type":{"constant_value":"Interface"},"vpc_id":{"references":["local.vpc_id"]}},"schema_version":0,"count_expression":{"references":["var.create_vpc","var.enable_cloudtrail_endpoint"]},"raw_data":{"FileName":".terraform/modules/atlantis.vpc/vpc-endpoints.tf","StartLine":645,"EndLine":656}},{"address":"aws_vpc_endpoint.codeartifact_api","mode":"managed","type":"aws_vpc_endpoint","name":"codeartifact_api","provider_config_key":"vpc:aws","expressions":{"private_dns_enabled":{"references":["var.codeartifact_api_endpoint_private_dns_enabled"]},"security_group_ids":{"references":["var.codeartifact_api_endpoint_security_group_ids"]},"service_name":{"references":["data.aws_vpc_endpoint_service.codeartifact_api[0]"]},"subnet_ids":{"references":["var.codeartifact_api_endpoint_subnet_ids","aws_subnet.private"]},"tags":{"references":["local.vpce_tags"]},"vpc_endpoint_type":{"constant_value":"Interface"},"vpc_id":{"references":["local.vpc_id"]}},"schema_version":0,"count_expression":{"references":["var.create_vpc","var.enable_codeartifact_api_endpoint"]},"raw_data":{"FileName":".terraform/modules/atlantis.vpc/vpc-endpoints.tf","StartLine":1496,"EndLine":1508}},{"address":"aws_vpc_endpoint.codeartifact_repositories","mode":"managed","type":"aws_vpc_endpoint","name":"codeartifact_repositories","provider_config_key":"vpc:aws","expressions":{"private_dns_enabled":{"references":["var.codeartifact_repositories_endpoint_private_dns_enabled"]},"security_group_ids":{"references":["var.codeartifact_repositories_endpoint_security_group_ids"]},"service_name":{"references":["data.aws_vpc_endpoint_service.codeartifact_repositories[0]"]},"subnet_ids":{"references":["var.codeartifact_repositories_endpoint_subnet_ids","aws_subnet.private"]},"tags":{"references":["local.vpce_tags"]},"vpc_endpoint_type":{"constant_value":"Interface"},"vpc_id":{"references":["local.vpc_id"]}},"schema_version":0,"count_expression":{"references":["var.create_vpc","var.enable_codeartifact_repositories_endpoint"]},"raw_data":{"FileName":".terraform/modules/atlantis.vpc/vpc-endpoints.tf","StartLine":1519,"EndLine":1531}},{"address":"aws_vpc_endpoint.codebuild","mode":"managed","type":"aws_vpc_endpoint","name":"codebuild","provider_config_key":"vpc:aws","expressions":{"private_dns_enabled":{"references":["var.codebuild_endpoint_private_dns_enabled"]},"security_group_ids":{"references":["var.codebuild_endpoint_security_group_ids"]},"service_name":{"references":["data.aws_vpc_endpoint_service.codebuild[0]"]},"subnet_ids":{"references":["var.codebuild_endpoint_subnet_ids","aws_subnet.private"]},"tags":{"references":["local.vpce_tags"]},"vpc_endpoint_type":{"constant_value":"Interface"},"vpc_id":{"references":["local.vpc_id"]}},"schema_version":0,"count_expression":{"references":["var.create_vpc","var.enable_codebuild_endpoint"]},"raw_data":{"FileName":".terraform/modules/atlantis.vpc/vpc-endpoints.tf","StartLine":87,"EndLine":98}},{"address":"aws_vpc_endpoint.codecommit","mode":"managed","type":"aws_vpc_endpoint","name":"codecommit","provider_config_key":"vpc:aws","expressions":{"private_dns_enabled":{"references":["var.codecommit_endpoint_private_dns_enabled"]},"security_group_ids":{"references":["var.codecommit_endpoint_security_group_ids"]},"service_name":{"references":["data.aws_vpc_endpoint_service.codecommit[0]"]},"subnet_ids":{"references":["var.codecommit_endpoint_subnet_ids","aws_subnet.private"]},"tags":{"references":["local.vpce_tags"]},"vpc_endpoint_type":{"constant_value":"Interface"},"vpc_id":{"references":["local.vpc_id"]}},"schema_version":0,"count_expression":{"references":["var.create_vpc","var.enable_codecommit_endpoint"]},"raw_data":{"FileName":".terraform/modules/atlantis.vpc/vpc-endpoints.tf","StartLine":109,"EndLine":120}},{"address":"aws_vpc_endpoint.codedeploy","mode":"managed","type":"aws_vpc_endpoint","name":"codedeploy","provider_config_key":"vpc:aws","expressions":{"private_dns_enabled":{"references":["var.codedeploy_endpoint_private_dns_enabled"]},"security_group_ids":{"references":["var.codedeploy_endpoint_security_group_ids"]},"service_name":{"references":["data.aws_vpc_endpoint_service.codedeploy[0]"]},"subnet_ids":{"references":["var.codedeploy_endpoint_subnet_ids","aws_subnet.private"]},"tags":{"references":["local.vpce_tags"]},"vpc_endpoint_type":{"constant_value":"Interface"},"vpc_id":{"references":["local.vpc_id"]}},"schema_version":0,"count_expression":{"references":["var.create_vpc","var.enable_codedeploy_endpoint"]},"raw_data":{"FileName":".terraform/modules/atlantis.vpc/vpc-endpoints.tf","StartLine":1427,"EndLine":1439}},{"address":"aws_vpc_endpoint.codedeploy_commands_secure","mode":"managed","type":"aws_vpc_endpoint","name":"codedeploy_commands_secure","provider_config_key":"vpc:aws","expressions":{"private_dns_enabled":{"references":["var.codedeploy_commands_secure_endpoint_private_dns_enabled"]},"security_group_ids":{"references":["var.codedeploy_commands_secure_endpoint_security_group_ids"]},"service_name":{"references":["data.aws_vpc_endpoint_service.codedeploy_commands_secure[0]"]},"subnet_ids":{"references":["var.codedeploy_commands_secure_endpoint_subnet_ids","aws_subnet.private"]},"tags":{"references":["local.vpce_tags"]},"vpc_endpoint_type":{"constant_value":"Interface"},"vpc_id":{"references":["local.vpc_id"]}},"schema_version":0,"count_expression":{"references":["var.create_vpc","var.enable_codedeploy_commands_secure_endpoint"]},"raw_data":{"FileName":".terraform/modules/atlantis.vpc/vpc-endpoints.tf","StartLine":1450,"EndLine":1462}},{"address":"aws_vpc_endpoint.codepipeline","mode":"managed","type":"aws_vpc_endpoint","name":"codepipeline","provider_config_key":"vpc:aws","expressions":{"private_dns_enabled":{"references":["var.codepipeline_endpoint_private_dns_enabled"]},"security_group_ids":{"references":["var.codepipeline_endpoint_security_group_ids"]},"service_name":{"references":["data.aws_vpc_endpoint_service.codepipeline[0]"]},"subnet_ids":{"references":["var.codepipeline_endpoint_subnet_ids","aws_subnet.private"]},"tags":{"references":["local.vpce_tags"]},"vpc_endpoint_type":{"constant_value":"Interface"},"vpc_id":{"references":["local.vpc_id"]}},"schema_version":0,"count_expression":{"references":["var.create_vpc","var.enable_codepipeline_endpoint"]},"raw_data":{"FileName":".terraform/modules/atlantis.vpc/vpc-endpoints.tf","StartLine":800,"EndLine":811}},{"address":"aws_vpc_endpoint.config","mode":"managed","type":"aws_vpc_endpoint","name":"config","provider_config_key":"vpc:aws","expressions":{"private_dns_enabled":{"references":["var.config_endpoint_private_dns_enabled"]},"security_group_ids":{"references":["var.config_endpoint_security_group_ids"]},"service_name":{"references":["data.aws_vpc_endpoint_service.config[0]"]},"subnet_ids":{"references":["var.config_endpoint_subnet_ids","aws_subnet.private"]},"tags":{"references":["local.vpce_tags"]},"vpc_endpoint_type":{"constant_value":"Interface"},"vpc_id":{"references":["local.vpc_id"]}},"schema_version":0,"count_expression":{"references":["var.create_vpc","var.enable_config_endpoint"]},"raw_data":{"FileName":".terraform/modules/atlantis.vpc/vpc-endpoints.tf","StartLine":153,"EndLine":164}},{"address":"aws_vpc_endpoint.datasync","mode":"managed","type":"aws_vpc_endpoint","name":"datasync","provider_config_key":"vpc:aws","expressions":{"private_dns_enabled":{"references":["var.datasync_endpoint_private_dns_enabled"]},"security_group_ids":{"references":["var.datasync_endpoint_security_group_ids"]},"service_name":{"references":["data.aws_vpc_endpoint_service.datasync[0]"]},"subnet_ids":{"references":["var.datasync_endpoint_subnet_ids","aws_subnet.private"]},"tags":{"references":["local.vpce_tags"]},"vpc_endpoint_type":{"constant_value":"Interface"},"vpc_id":{"references":["local.vpc_id"]}},"schema_version":0,"count_expression":{"references":["var.create_vpc","var.enable_datasync_endpoint"]},"raw_data":{"FileName":".terraform/modules/atlantis.vpc/vpc-endpoints.tf","StartLine":1174,"EndLine":1186}},{"address":"aws_vpc_endpoint.dynamodb","mode":"managed","type":"aws_vpc_endpoint","name":"dynamodb","provider_config_key":"vpc:aws","expressions":{"service_name":{"references":["data.aws_vpc_endpoint_service.dynamodb[0]"]},"tags":{"references":["local.vpce_tags"]},"vpc_id":{"references":["local.vpc_id"]}},"schema_version":0,"count_expression":{"references":["var.create_vpc","var.enable_dynamodb_endpoint"]},"raw_data":{"FileName":".terraform/modules/atlantis.vpc/vpc-endpoints.tf","StartLine":48,"EndLine":54}},{"address":"aws_vpc_endpoint.ebs","mode":"managed","type":"aws_vpc_endpoint","name":"ebs","provider_config_key":"vpc:aws","expressions":{"private_dns_enabled":{"references":["var.ebs_endpoint_private_dns_enabled"]},"security_group_ids":{"references":["var.ebs_endpoint_security_group_ids"]},"service_name":{"references":["data.aws_vpc_endpoint_service.ebs[0]"]},"subnet_ids":{"references":["var.ebs_endpoint_subnet_ids","aws_subnet.private"]},"tags":{"references":["local.vpce_tags"]},"vpc_endpoint_type":{"constant_value":"Interface"},"vpc_id":{"references":["local.vpc_id"]}},"schema_version":0,"count_expression":{"references":["var.create_vpc","var.enable_ebs_endpoint"]},"raw_data":{"FileName":".terraform/modules/atlantis.vpc/vpc-endpoints.tf","StartLine":1151,"EndLine":1163}},{"address":"aws_vpc_endpoint.ec2","mode":"managed","type":"aws_vpc_endpoint","name":"ec2","provider_config_key":"vpc:aws","expressions":{"private_dns_enabled":{"references":["var.ec2_endpoint_private_dns_enabled"]},"security_group_ids":{"references":["var.ec2_endpoint_security_group_ids"]},"service_name":{"references":["data.aws_vpc_endpoint_service.ec2[0]"]},"subnet_ids":{"references":["var.ec2_endpoint_subnet_ids","aws_subnet.private"]},"tags":{"references":["local.vpce_tags"]},"vpc_endpoint_type":{"constant_value":"Interface"},"vpc_id":{"references":["local.vpc_id"]}},"schema_version":0,"count_expression":{"references":["var.create_vpc","var.enable_ec2_endpoint"]},"raw_data":{"FileName":".terraform/modules/atlantis.vpc/vpc-endpoints.tf","StartLine":284,"EndLine":295}},{"address":"aws_vpc_endpoint.ec2_autoscaling","mode":"managed","type":"aws_vpc_endpoint","name":"ec2_autoscaling","provider_config_key":"vpc:aws","expressions":{"private_dns_enabled":{"references":["var.ec2_autoscaling_endpoint_private_dns_enabled"]},"security_group_ids":{"references":["var.ec2_autoscaling_endpoint_security_group_ids"]},"service_name":{"references":["data.aws_vpc_endpoint_service.ec2_autoscaling[0]"]},"subnet_ids":{"references":["var.ec2_autoscaling_endpoint_subnet_ids","aws_subnet.private"]},"tags":{"references":["local.vpce_tags"]},"vpc_endpoint_type":{"constant_value":"Interface"},"vpc_id":{"references":["local.vpc_id"]}},"schema_version":0,"count_expression":{"references":["var.create_vpc","var.enable_ec2_autoscaling_endpoint"]},"raw_data":{"FileName":".terraform/modules/atlantis.vpc/vpc-endpoints.tf","StartLine":328,"EndLine":339}},{"address":"aws_vpc_endpoint.ec2messages","mode":"managed","type":"aws_vpc_endpoint","name":"ec2messages","provider_config_key":"vpc:aws","expressions":{"private_dns_enabled":{"references":["var.ec2messages_endpoint_private_dns_enabled"]},"security_group_ids":{"references":["var.ec2messages_endpoint_security_group_ids"]},"service_name":{"references":["data.aws_vpc_endpoint_service.ec2messages[0]"]},"subnet_ids":{"references":["var.ec2messages_endpoint_subnet_ids","aws_subnet.private"]},"tags":{"references":["local.vpce_tags"]},"vpc_endpoint_type":{"constant_value":"Interface"},"vpc_id":{"references":["local.vpc_id"]}},"schema_version":0,"count_expression":{"references":["var.create_vpc","var.enable_ec2messages_endpoint"]},"raw_data":{"FileName":".terraform/modules/atlantis.vpc/vpc-endpoints.tf","StartLine":306,"EndLine":317}},{"address":"aws_vpc_endpoint.ecr_api","mode":"managed","type":"aws_vpc_endpoint","name":"ecr_api","provider_config_key":"vpc:aws","expressions":{"private_dns_enabled":{"references":["var.ecr_api_endpoint_private_dns_enabled"]},"security_group_ids":{"references":["var.ecr_api_endpoint_security_group_ids"]},"service_name":{"references":["data.aws_vpc_endpoint_service.ecr_api[0]"]},"subnet_ids":{"references":["var.ecr_api_endpoint_subnet_ids","aws_subnet.private"]},"tags":{"references":["local.vpce_tags"]},"vpc_endpoint_type":{"constant_value":"Interface"},"vpc_id":{"references":["local.vpc_id"]}},"schema_version":0,"count_expression":{"references":["var.create_vpc","var.enable_ecr_api_endpoint"]},"raw_data":{"FileName":".terraform/modules/atlantis.vpc/vpc-endpoints.tf","StartLine":373,"EndLine":384}},{"address":"aws_vpc_endpoint.ecr_dkr","mode":"managed","type":"aws_vpc_endpoint","name":"ecr_dkr","provider_config_key":"vpc:aws","expressions":{"private_dns_enabled":{"references":["var.ecr_dkr_endpoint_private_dns_enabled"]},"security_group_ids":{"references":["var.ecr_dkr_endpoint_security_group_ids"]},"service_name":{"references":["data.aws_vpc_endpoint_service.ecr_dkr[0]"]},"subnet_ids":{"references":["var.ecr_dkr_endpoint_subnet_ids","aws_subnet.private"]},"tags":{"references":["local.vpce_tags"]},"vpc_endpoint_type":{"constant_value":"Interface"},"vpc_id":{"references":["local.vpc_id"]}},"schema_version":0,"count_expression":{"references":["var.create_vpc","var.enable_ecr_dkr_endpoint"]},"raw_data":{"FileName":".terraform/modules/atlantis.vpc/vpc-endpoints.tf","StartLine":395,"EndLine":406}},{"address":"aws_vpc_endpoint.ecs","mode":"managed","type":"aws_vpc_endpoint","name":"ecs","provider_config_key":"vpc:aws","expressions":{"private_dns_enabled":{"references":["var.ecs_endpoint_private_dns_enabled"]},"security_group_ids":{"references":["var.ecs_endpoint_security_group_ids"]},"service_name":{"references":["data.aws_vpc_endpoint_service.ecs[0]"]},"subnet_ids":{"references":["var.ecs_endpoint_subnet_ids","aws_subnet.private"]},"tags":{"references":["local.vpce_tags"]},"vpc_endpoint_type":{"constant_value":"Interface"},"vpc_id":{"references":["local.vpc_id"]}},"schema_version":0,"count_expression":{"references":["var.create_vpc","var.enable_ecs_endpoint"]},"raw_data":{"FileName":".terraform/modules/atlantis.vpc/vpc-endpoints.tf","StartLine":461,"EndLine":472}},{"address":"aws_vpc_endpoint.ecs_agent","mode":"managed","type":"aws_vpc_endpoint","name":"ecs_agent","provider_config_key":"vpc:aws","expressions":{"private_dns_enabled":{"references":["var.ecs_agent_endpoint_private_dns_enabled"]},"security_group_ids":{"references":["var.ecs_agent_endpoint_security_group_ids"]},"service_name":{"references":["data.aws_vpc_endpoint_service.ecs_agent[0]"]},"subnet_ids":{"references":["var.ecs_agent_endpoint_subnet_ids","aws_subnet.private"]},"tags":{"references":["local.vpce_tags"]},"vpc_endpoint_type":{"constant_value":"Interface"},"vpc_id":{"references":["local.vpc_id"]}},"schema_version":0,"count_expression":{"references":["var.create_vpc","var.enable_ecs_agent_endpoint"]},"raw_data":{"FileName":".terraform/modules/atlantis.vpc/vpc-endpoints.tf","StartLine":484,"EndLine":495}},{"address":"aws_vpc_endpoint.ecs_telemetry","mode":"managed","type":"aws_vpc_endpoint","name":"ecs_telemetry","provider_config_key":"vpc:aws","expressions":{"private_dns_enabled":{"references":["var.ecs_telemetry_endpoint_private_dns_enabled"]},"security_group_ids":{"references":["var.ecs_telemetry_endpoint_security_group_ids"]},"service_name":{"references":["data.aws_vpc_endpoint_service.ecs_telemetry[0]"]},"subnet_ids":{"references":["var.ecs_telemetry_endpoint_subnet_ids","aws_subnet.private"]},"tags":{"references":["local.vpce_tags"]},"vpc_endpoint_type":{"constant_value":"Interface"},"vpc_id":{"references":["local.vpc_id"]}},"schema_version":0,"count_expression":{"references":["var.create_vpc","var.enable_ecs_telemetry_endpoint"]},"raw_data":{"FileName":".terraform/modules/atlantis.vpc/vpc-endpoints.tf","StartLine":507,"EndLine":518}},{"address":"aws_vpc_endpoint.efs","mode":"managed","type":"aws_vpc_endpoint","name":"efs","provider_config_key":"vpc:aws","expressions":{"private_dns_enabled":{"references":["var.efs_endpoint_private_dns_enabled"]},"security_group_ids":{"references":["var.efs_endpoint_security_group_ids"]},"service_name":{"references":["data.aws_vpc_endpoint_service.efs[0]"]},"subnet_ids":{"references":["var.efs_endpoint_subnet_ids","aws_subnet.private"]},"tags":{"references":["local.vpce_tags"]},"vpc_endpoint_type":{"constant_value":"Interface"},"vpc_id":{"references":["local.vpc_id"]}},"schema_version":0,"count_expression":{"references":["var.create_vpc","var.enable_efs_endpoint"]},"raw_data":{"FileName":".terraform/modules/atlantis.vpc/vpc-endpoints.tf","StartLine":1036,"EndLine":1048}},{"address":"aws_vpc_endpoint.elastic_inference_runtime","mode":"managed","type":"aws_vpc_endpoint","name":"elastic_inference_runtime","provider_config_key":"vpc:aws","expressions":{"private_dns_enabled":{"references":["var.elastic_inference_runtime_endpoint_private_dns_enabled"]},"security_group_ids":{"references":["var.elastic_inference_runtime_endpoint_security_group_ids"]},"service_name":{"references":["data.aws_vpc_endpoint_service.elastic_inference_runtime[0]"]},"subnet_ids":{"references":["var.elastic_inference_runtime_endpoint_subnet_ids","aws_subnet.private"]},"tags":{"references":["local.vpce_tags"]},"vpc_endpoint_type":{"constant_value":"Interface"},"vpc_id":{"references":["local.vpc_id"]}},"schema_version":0,"count_expression":{"references":["var.create_vpc","var.enable_elastic_inference_runtime_endpoint"]},"raw_data":{"FileName":".terraform/modules/atlantis.vpc/vpc-endpoints.tf","StartLine":1197,"EndLine":1209}},{"address":"aws_vpc_endpoint.elasticbeanstalk","mode":"managed","type":"aws_vpc_endpoint","name":"elasticbeanstalk","provider_config_key":"vpc:aws","expressions":{"private_dns_enabled":{"references":["var.elasticbeanstalk_endpoint_private_dns_enabled"]},"security_group_ids":{"references":["var.elasticbeanstalk_endpoint_security_group_ids"]},"service_name":{"references":["data.aws_vpc_endpoint_service.elasticbeanstalk[0]"]},"subnet_ids":{"references":["var.elasticbeanstalk_endpoint_subnet_ids","aws_subnet.private"]},"tags":{"references":["local.vpce_tags"]},"vpc_endpoint_type":{"constant_value":"Interface"},"vpc_id":{"references":["local.vpc_id"]}},"schema_version":0,"count_expression":{"references":["var.create_vpc","var.enable_elasticbeanstalk_endpoint"]},"raw_data":{"FileName":".terraform/modules/atlantis.vpc/vpc-endpoints.tf","StartLine":1312,"EndLine":1324}},{"address":"aws_vpc_endpoint.elasticbeanstalk_health","mode":"managed","type":"aws_vpc_endpoint","name":"elasticbeanstalk_health","provider_config_key":"vpc:aws","expressions":{"private_dns_enabled":{"references":["var.elasticbeanstalk_health_endpoint_private_dns_enabled"]},"security_group_ids":{"references":["var.elasticbeanstalk_health_endpoint_security_group_ids"]},"service_name":{"references":["data.aws_vpc_endpoint_service.elasticbeanstalk_health[0]"]},"subnet_ids":{"references":["var.elasticbeanstalk_health_endpoint_subnet_ids","aws_subnet.private"]},"tags":{"references":["local.vpce_tags"]},"vpc_endpoint_type":{"constant_value":"Interface"},"vpc_id":{"references":["local.vpc_id"]}},"schema_version":0,"count_expression":{"references":["var.create_vpc","var.enable_elasticbeanstalk_health_endpoint"]},"raw_data":{"FileName":".terraform/modules/atlantis.vpc/vpc-endpoints.tf","StartLine":1335,"EndLine":1347}},{"address":"aws_vpc_endpoint.elasticloadbalancing","mode":"managed","type":"aws_vpc_endpoint","name":"elasticloadbalancing","provider_config_key":"vpc:aws","expressions":{"private_dns_enabled":{"references":["var.elasticloadbalancing_endpoint_private_dns_enabled"]},"security_group_ids":{"references":["var.elasticloadbalancing_endpoint_security_group_ids"]},"service_name":{"references":["data.aws_vpc_endpoint_service.elasticloadbalancing[0]"]},"subnet_ids":{"references":["var.elasticloadbalancing_endpoint_subnet_ids","aws_subnet.private"]},"tags":{"references":["local.vpce_tags"]},"vpc_endpoint_type":{"constant_value":"Interface"},"vpc_id":{"references":["local.vpc_id"]}},"schema_version":0,"count_expression":{"references":["var.create_vpc","var.enable_elasticloadbalancing_endpoint"]},"raw_data":{"FileName":".terraform/modules/atlantis.vpc/vpc-endpoints.tf","StartLine":622,"EndLine":633}},{"address":"aws_vpc_endpoint.emr","mode":"managed","type":"aws_vpc_endpoint","name":"emr","provider_config_key":"vpc:aws","expressions":{"private_dns_enabled":{"references":["var.emr_endpoint_private_dns_enabled"]},"security_group_ids":{"references":["var.emr_endpoint_security_group_ids"]},"service_name":{"references":["data.aws_vpc_endpoint_service.emr[0]"]},"subnet_ids":{"references":["var.emr_endpoint_subnet_ids","aws_subnet.private"]},"tags":{"references":["local.vpce_tags"]},"vpc_endpoint_type":{"constant_value":"Interface"},"vpc_id":{"references":["local.vpc_id"]}},"schema_version":0,"count_expression":{"references":["var.create_vpc","var.enable_emr_endpoint"]},"raw_data":{"FileName":".terraform/modules/atlantis.vpc/vpc-endpoints.tf","StartLine":1243,"EndLine":1255}},{"address":"aws_vpc_endpoint.events","mode":"managed","type":"aws_vpc_endpoint","name":"events","provider_config_key":"vpc:aws","expressions":{"private_dns_enabled":{"references":["var.events_endpoint_private_dns_enabled"]},"security_group_ids":{"references":["var.events_endpoint_security_group_ids"]},"service_name":{"references":["data.aws_vpc_endpoint_service.events[0]"]},"subnet_ids":{"references":["var.events_endpoint_subnet_ids","aws_subnet.private"]},"tags":{"references":["local.vpce_tags"]},"vpc_endpoint_type":{"constant_value":"Interface"},"vpc_id":{"references":["local.vpc_id"]}},"schema_version":0,"count_expression":{"references":["var.create_vpc","var.enable_events_endpoint"]},"raw_data":{"FileName":".terraform/modules/atlantis.vpc/vpc-endpoints.tf","StartLine":599,"EndLine":610}},{"address":"aws_vpc_endpoint.git_codecommit","mode":"managed","type":"aws_vpc_endpoint","name":"git_codecommit","provider_config_key":"vpc:aws","expressions":{"private_dns_enabled":{"references":["var.git_codecommit_endpoint_private_dns_enabled"]},"security_group_ids":{"references":["var.git_codecommit_endpoint_security_group_ids"]},"service_name":{"references":["data.aws_vpc_endpoint_service.git_codecommit[0]"]},"subnet_ids":{"references":["var.git_codecommit_endpoint_subnet_ids","aws_subnet.private"]},"tags":{"references":["local.vpce_tags"]},"vpc_endpoint_type":{"constant_value":"Interface"},"vpc_id":{"references":["local.vpc_id"]}},"schema_version":0,"count_expression":{"references":["var.create_vpc","var.enable_git_codecommit_endpoint"]},"raw_data":{"FileName":".terraform/modules/atlantis.vpc/vpc-endpoints.tf","StartLine":131,"EndLine":142}},{"address":"aws_vpc_endpoint.glue","mode":"managed","type":"aws_vpc_endpoint","name":"glue","provider_config_key":"vpc:aws","expressions":{"private_dns_enabled":{"references":["var.glue_endpoint_private_dns_enabled"]},"security_group_ids":{"references":["var.glue_endpoint_security_group_ids"]},"service_name":{"references":["data.aws_vpc_endpoint_service.glue[0]"]},"subnet_ids":{"references":["var.glue_endpoint_subnet_ids","aws_subnet.private"]},"tags":{"references":["local.vpce_tags"]},"vpc_endpoint_type":{"constant_value":"Interface"},"vpc_id":{"references":["local.vpc_id"]}},"schema_version":0,"count_expression":{"references":["var.create_vpc","var.enable_glue_endpoint"]},"raw_data":{"FileName":".terraform/modules/atlantis.vpc/vpc-endpoints.tf","StartLine":713,"EndLine":724}},{"address":"aws_vpc_endpoint.kinesis_firehose","mode":"managed","type":"aws_vpc_endpoint","name":"kinesis_firehose","provider_config_key":"vpc:aws","expressions":{"private_dns_enabled":{"references":["var.kinesis_firehose_endpoint_private_dns_enabled"]},"security_group_ids":{"references":["var.kinesis_firehose_endpoint_security_group_ids"]},"service_name":{"references":["data.aws_vpc_endpoint_service.kinesis_firehose[0]"]},"subnet_ids":{"references":["var.kinesis_firehose_endpoint_subnet_ids","aws_subnet.private"]},"tags":{"references":["local.vpce_tags"]},"vpc_endpoint_type":{"constant_value":"Interface"},"vpc_id":{"references":["local.vpc_id"]}},"schema_version":0,"count_expression":{"references":["var.create_vpc","var.enable_kinesis_firehose_endpoint"]},"raw_data":{"FileName":".terraform/modules/atlantis.vpc/vpc-endpoints.tf","StartLine":691,"EndLine":702}},{"address":"aws_vpc_endpoint.kinesis_streams","mode":"managed","type":"aws_vpc_endpoint","name":"kinesis_streams","provider_config_key":"vpc:aws","expressions":{"private_dns_enabled":{"references":["var.kinesis_streams_endpoint_private_dns_enabled"]},"security_group_ids":{"references":["var.kinesis_streams_endpoint_security_group_ids"]},"service_name":{"references":["data.aws_vpc_endpoint_service.kinesis_streams[0]"]},"subnet_ids":{"references":["var.kinesis_streams_endpoint_subnet_ids","aws_subnet.private"]},"tags":{"references":["local.vpce_tags"]},"vpc_endpoint_type":{"constant_value":"Interface"},"vpc_id":{"references":["local.vpc_id"]}},"schema_version":0,"count_expression":{"references":["var.create_vpc","var.enable_kinesis_streams_endpoint"]},"raw_data":{"FileName":".terraform/modules/atlantis.vpc/vpc-endpoints.tf","StartLine":668,"EndLine":679}},{"address":"aws_vpc_endpoint.kms","mode":"managed","type":"aws_vpc_endpoint","name":"kms","provider_config_key":"vpc:aws","expressions":{"private_dns_enabled":{"references":["var.kms_endpoint_private_dns_enabled"]},"security_group_ids":{"references":["var.kms_endpoint_security_group_ids"]},"service_name":{"references":["data.aws_vpc_endpoint_service.kms[0]"]},"subnet_ids":{"references":["var.kms_endpoint_subnet_ids","aws_subnet.private"]},"tags":{"references":["local.vpce_tags"]},"vpc_endpoint_type":{"constant_value":"Interface"},"vpc_id":{"references":["local.vpc_id"]}},"schema_version":0,"count_expression":{"references":["var.create_vpc","var.enable_kms_endpoint"]},"raw_data":{"FileName":".terraform/modules/atlantis.vpc/vpc-endpoints.tf","StartLine":439,"EndLine":450}},{"address":"aws_vpc_endpoint.lambda","mode":"managed","type":"aws_vpc_endpoint","name":"lambda","provider_config_key":"vpc:aws","expressions":{"private_dns_enabled":{"references":["var.lambda_endpoint_private_dns_enabled"]},"security_group_ids":{"references":["var.lambda_endpoint_security_group_ids"]},"service_name":{"references":["data.aws_vpc_endpoint_service.lambda[0]"]},"subnet_ids":{"references":["var.lambda_endpoint_subnet_ids","aws_subnet.private"]},"tags":{"references":["local.vpce_tags"]},"vpc_endpoint_type":{"constant_value":"Interface"},"vpc_id":{"references":["local.vpc_id"]}},"schema_version":0,"count_expression":{"references":["var.create_vpc","var.enable_lambda_endpoint"]},"raw_data":{"FileName":".terraform/modules/atlantis.vpc/vpc-endpoints.tf","StartLine":196,"EndLine":207}},{"address":"aws_vpc_endpoint.logs","mode":"managed","type":"aws_vpc_endpoint","name":"logs","provider_config_key":"vpc:aws","expressions":{"private_dns_enabled":{"references":["var.logs_endpoint_private_dns_enabled"]},"security_group_ids":{"references":["var.logs_endpoint_security_group_ids"]},"service_name":{"references":["data.aws_vpc_endpoint_service.logs[0]"]},"subnet_ids":{"references":["var.logs_endpoint_subnet_ids","aws_subnet.private"]},"tags":{"references":["local.vpce_tags"]},"vpc_endpoint_type":{"constant_value":"Interface"},"vpc_id":{"references":["local.vpc_id"]}},"schema_version":0,"count_expression":{"references":["var.create_vpc","var.enable_logs_endpoint"]},"raw_data":{"FileName":".terraform/modules/atlantis.vpc/vpc-endpoints.tf","StartLine":576,"EndLine":587}},{"address":"aws_vpc_endpoint.monitoring","mode":"managed","type":"aws_vpc_endpoint","name":"monitoring","provider_config_key":"vpc:aws","expressions":{"private_dns_enabled":{"references":["var.monitoring_endpoint_private_dns_enabled"]},"security_group_ids":{"references":["var.monitoring_endpoint_security_group_ids"]},"service_name":{"references":["data.aws_vpc_endpoint_service.monitoring[0]"]},"subnet_ids":{"references":["var.monitoring_endpoint_subnet_ids","aws_subnet.private"]},"tags":{"references":["local.vpce_tags"]},"vpc_endpoint_type":{"constant_value":"Interface"},"vpc_id":{"references":["local.vpc_id"]}},"schema_version":0,"count_expression":{"references":["var.create_vpc","var.enable_monitoring_endpoint"]},"raw_data":{"FileName":".terraform/modules/atlantis.vpc/vpc-endpoints.tf","StartLine":553,"EndLine":564}},{"address":"aws_vpc_endpoint.qldb_session","mode":"managed","type":"aws_vpc_endpoint","name":"qldb_session","provider_config_key":"vpc:aws","expressions":{"private_dns_enabled":{"references":["var.qldb_session_endpoint_private_dns_enabled"]},"security_group_ids":{"references":["var.qldb_session_endpoint_security_group_ids"]},"service_name":{"references":["data.aws_vpc_endpoint_service.qldb_session[0]"]},"subnet_ids":{"references":["var.qldb_session_endpoint_subnet_ids","aws_subnet.private"]},"tags":{"references":["local.vpce_tags"]},"vpc_endpoint_type":{"constant_value":"Interface"},"vpc_id":{"references":["local.vpc_id"]}},"schema_version":0,"count_expression":{"references":["var.create_vpc","var.enable_qldb_session_endpoint"]},"raw_data":{"FileName":".terraform/modules/atlantis.vpc/vpc-endpoints.tf","StartLine":1266,"EndLine":1278}},{"address":"aws_vpc_endpoint.rds","mode":"managed","type":"aws_vpc_endpoint","name":"rds","provider_config_key":"vpc:aws","expressions":{"private_dns_enabled":{"references":["var.rds_endpoint_private_dns_enabled"]},"security_group_ids":{"references":["var.rds_endpoint_security_group_ids"]},"service_name":{"references":["data.aws_vpc_endpoint_service.rds[0]"]},"subnet_ids":{"references":["var.rds_endpoint_subnet_ids","aws_subnet.private"]},"tags":{"references":["local.vpce_tags"]},"vpc_endpoint_type":{"constant_value":"Interface"},"vpc_id":{"references":["local.vpc_id"]}},"schema_version":0,"count_expression":{"references":["var.create_vpc","var.enable_rds_endpoint"]},"raw_data":{"FileName":".terraform/modules/atlantis.vpc/vpc-endpoints.tf","StartLine":1404,"EndLine":1416}},{"address":"aws_vpc_endpoint.rekognition","mode":"managed","type":"aws_vpc_endpoint","name":"rekognition","provider_config_key":"vpc:aws","expressions":{"private_dns_enabled":{"references":["var.rekognition_endpoint_private_dns_enabled"]},"security_group_ids":{"references":["var.rekognition_endpoint_security_group_ids"]},"service_name":{"references":["data.aws_vpc_endpoint_service.rekognition[0]"]},"subnet_ids":{"references":["var.rekognition_endpoint_subnet_ids","aws_subnet.private"]},"tags":{"references":["local.vpce_tags"]},"vpc_endpoint_type":{"constant_value":"Interface"},"vpc_id":{"references":["local.vpc_id"]}},"schema_version":0,"count_expression":{"references":["var.create_vpc","var.enable_rekognition_endpoint"]},"raw_data":{"FileName":".terraform/modules/atlantis.vpc/vpc-endpoints.tf","StartLine":1014,"EndLine":1025}},{"address":"aws_vpc_endpoint.s3","mode":"managed","type":"aws_vpc_endpoint","name":"s3","provider_config_key":"vpc:aws","expressions":{"service_name":{"references":["data.aws_vpc_endpoint_service.s3[0]"]},"tags":{"references":["local.vpce_tags"]},"vpc_id":{"references":["local.vpc_id"]}},"schema_version":0,"count_expression":{"references":["var.create_vpc","var.enable_s3_endpoint"]},"raw_data":{"FileName":".terraform/modules/atlantis.vpc/vpc-endpoints.tf","StartLine":10,"EndLine":16}},{"address":"aws_vpc_endpoint.sagemaker_api","mode":"managed","type":"aws_vpc_endpoint","name":"sagemaker_api","provider_config_key":"vpc:aws","expressions":{"private_dns_enabled":{"references":["var.sagemaker_api_endpoint_private_dns_enabled"]},"security_group_ids":{"references":["var.sagemaker_api_endpoint_security_group_ids"]},"service_name":{"references":["data.aws_vpc_endpoint_service.sagemaker_api[0]"]},"subnet_ids":{"references":["var.sagemaker_api_endpoint_subnet_ids","aws_subnet.private"]},"tags":{"references":["local.vpce_tags"]},"vpc_endpoint_type":{"constant_value":"Interface"},"vpc_id":{"references":["local.vpc_id"]}},"schema_version":0,"count_expression":{"references":["var.create_vpc","var.enable_sagemaker_api_endpoint"]},"raw_data":{"FileName":".terraform/modules/atlantis.vpc/vpc-endpoints.tf","StartLine":905,"EndLine":916}},{"address":"aws_vpc_endpoint.sagemaker_notebook","mode":"managed","type":"aws_vpc_endpoint","name":"sagemaker_notebook","provider_config_key":"vpc:aws","expressions":{"private_dns_enabled":{"references":["var.sagemaker_notebook_endpoint_private_dns_enabled"]},"security_group_ids":{"references":["var.sagemaker_notebook_endpoint_security_group_ids"]},"service_name":{"references":["data.aws_vpc_endpoint_service.sagemaker_notebook[0]"]},"subnet_ids":{"references":["var.sagemaker_notebook_endpoint_subnet_ids","aws_subnet.private"]},"tags":{"references":["local.vpce_tags"]},"vpc_endpoint_type":{"constant_value":"Interface"},"vpc_id":{"references":["local.vpc_id"]}},"schema_version":0,"count_expression":{"references":["var.create_vpc","var.enable_sagemaker_notebook_endpoint"]},"raw_data":{"FileName":".terraform/modules/atlantis.vpc/vpc-endpoints.tf","StartLine":735,"EndLine":746}},{"address":"aws_vpc_endpoint.sagemaker_runtime","mode":"managed","type":"aws_vpc_endpoint","name":"sagemaker_runtime","provider_config_key":"vpc:aws","expressions":{"private_dns_enabled":{"references":["var.sagemaker_runtime_endpoint_private_dns_enabled"]},"security_group_ids":{"references":["var.sagemaker_runtime_endpoint_security_group_ids"]},"service_name":{"references":["data.aws_vpc_endpoint_service.sagemaker_runtime[0]"]},"subnet_ids":{"references":["var.sagemaker_runtime_endpoint_subnet_ids","aws_subnet.private"]},"tags":{"references":["local.vpce_tags"]},"vpc_endpoint_type":{"constant_value":"Interface"},"vpc_id":{"references":["local.vpc_id"]}},"schema_version":0,"count_expression":{"references":["var.create_vpc","var.enable_sagemaker_runtime_endpoint"]},"raw_data":{"FileName":".terraform/modules/atlantis.vpc/vpc-endpoints.tf","StartLine":926,"EndLine":937}},{"address":"aws_vpc_endpoint.secretsmanager","mode":"managed","type":"aws_vpc_endpoint","name":"secretsmanager","provider_config_key":"vpc:aws","expressions":{"private_dns_enabled":{"references":["var.secretsmanager_endpoint_private_dns_enabled"]},"security_group_ids":{"references":["var.secretsmanager_endpoint_security_group_ids"]},"service_name":{"references":["data.aws_vpc_endpoint_service.secretsmanager[0]"]},"subnet_ids":{"references":["var.secretsmanager_endpoint_subnet_ids","aws_subnet.private"]},"tags":{"references":["local.vpce_tags"]},"vpc_endpoint_type":{"constant_value":"Interface"},"vpc_id":{"references":["local.vpc_id"]}},"schema_version":0,"count_expression":{"references":["var.create_vpc","var.enable_secretsmanager_endpoint"]},"raw_data":{"FileName":".terraform/modules/atlantis.vpc/vpc-endpoints.tf","StartLine":218,"EndLine":229}},{"address":"aws_vpc_endpoint.servicecatalog","mode":"managed","type":"aws_vpc_endpoint","name":"servicecatalog","provider_config_key":"vpc:aws","expressions":{"private_dns_enabled":{"references":["var.servicecatalog_endpoint_private_dns_enabled"]},"security_group_ids":{"references":["var.servicecatalog_endpoint_security_group_ids"]},"service_name":{"references":["data.aws_vpc_endpoint_service.servicecatalog[0]"]},"subnet_ids":{"references":["var.servicecatalog_endpoint_subnet_ids","aws_subnet.private"]},"tags":{"references":["local.vpce_tags"]},"vpc_endpoint_type":{"constant_value":"Interface"},"vpc_id":{"references":["local.vpc_id"]}},"schema_version":0,"count_expression":{"references":["var.create_vpc","var.enable_servicecatalog_endpoint"]},"raw_data":{"FileName":".terraform/modules/atlantis.vpc/vpc-endpoints.tf","StartLine":842,"EndLine":853}},{"address":"aws_vpc_endpoint.ses","mode":"managed","type":"aws_vpc_endpoint","name":"ses","provider_config_key":"vpc:aws","expressions":{"private_dns_enabled":{"references":["var.ses_endpoint_private_dns_enabled"]},"security_group_ids":{"references":["var.ses_endpoint_security_group_ids"]},"service_name":{"references":["data.aws_vpc_endpoint_service.ses[0]"]},"subnet_ids":{"references":["var.ses_endpoint_subnet_ids","aws_subnet.private"]},"tags":{"references":["local.vpce_tags"]},"vpc_endpoint_type":{"constant_value":"Interface"},"vpc_id":{"references":["local.vpc_id"]}},"schema_version":0,"count_expression":{"references":["var.create_vpc","var.enable_ses_endpoint"]},"raw_data":{"FileName":".terraform/modules/atlantis.vpc/vpc-endpoints.tf","StartLine":1381,"EndLine":1393}},{"address":"aws_vpc_endpoint.sms","mode":"managed","type":"aws_vpc_endpoint","name":"sms","provider_config_key":"vpc:aws","expressions":{"private_dns_enabled":{"references":["var.sms_endpoint_private_dns_enabled"]},"security_group_ids":{"references":["var.sms_endpoint_security_group_ids"]},"service_name":{"references":["data.aws_vpc_endpoint_service.sms[0]"]},"subnet_ids":{"references":["var.sms_endpoint_subnet_ids","aws_subnet.private"]},"tags":{"references":["local.vpce_tags"]},"vpc_endpoint_type":{"constant_value":"Interface"},"vpc_id":{"references":["local.vpc_id"]}},"schema_version":0,"count_expression":{"references":["var.create_vpc","var.enable_sms_endpoint"]},"raw_data":{"FileName":".terraform/modules/atlantis.vpc/vpc-endpoints.tf","StartLine":1220,"EndLine":1232}},{"address":"aws_vpc_endpoint.sns","mode":"managed","type":"aws_vpc_endpoint","name":"sns","provider_config_key":"vpc:aws","expressions":{"private_dns_enabled":{"references":["var.sns_endpoint_private_dns_enabled"]},"security_group_ids":{"references":["var.sns_endpoint_security_group_ids"]},"service_name":{"references":["data.aws_vpc_endpoint_service.sns[0]"]},"subnet_ids":{"references":["var.sns_endpoint_subnet_ids","aws_subnet.private"]},"tags":{"references":["local.vpce_tags"]},"vpc_endpoint_type":{"constant_value":"Interface"},"vpc_id":{"references":["local.vpc_id"]}},"schema_version":0,"count_expression":{"references":["var.create_vpc","var.enable_sns_endpoint"]},"raw_data":{"FileName":".terraform/modules/atlantis.vpc/vpc-endpoints.tf","StartLine":530,"EndLine":541}},{"address":"aws_vpc_endpoint.sqs","mode":"managed","type":"aws_vpc_endpoint","name":"sqs","provider_config_key":"vpc:aws","expressions":{"private_dns_enabled":{"references":["var.sqs_endpoint_private_dns_enabled"]},"security_group_ids":{"references":["var.sqs_endpoint_security_group_ids"]},"service_name":{"references":["data.aws_vpc_endpoint_service.sqs[0]"]},"subnet_ids":{"references":["var.sqs_endpoint_subnet_ids","aws_subnet.private"]},"tags":{"references":["local.vpce_tags"]},"vpc_endpoint_type":{"constant_value":"Interface"},"vpc_id":{"references":["local.vpc_id"]}},"schema_version":0,"count_expression":{"references":["var.create_vpc","var.enable_sqs_endpoint"]},"raw_data":{"FileName":".terraform/modules/atlantis.vpc/vpc-endpoints.tf","StartLine":175,"EndLine":186}},{"address":"aws_vpc_endpoint.ssm","mode":"managed","type":"aws_vpc_endpoint","name":"ssm","provider_config_key":"vpc:aws","expressions":{"private_dns_enabled":{"references":["var.ssm_endpoint_private_dns_enabled"]},"security_group_ids":{"references":["var.ssm_endpoint_security_group_ids"]},"service_name":{"references":["data.aws_vpc_endpoint_service.ssm[0]"]},"subnet_ids":{"references":["var.ssm_endpoint_subnet_ids","aws_subnet.private"]},"tags":{"references":["local.vpce_tags"]},"vpc_endpoint_type":{"constant_value":"Interface"},"vpc_id":{"references":["local.vpc_id"]}},"schema_version":0,"count_expression":{"references":["var.create_vpc","var.enable_ssm_endpoint"]},"raw_data":{"FileName":".terraform/modules/atlantis.vpc/vpc-endpoints.tf","StartLine":240,"EndLine":251}},{"address":"aws_vpc_endpoint.ssmmessages","mode":"managed","type":"aws_vpc_endpoint","name":"ssmmessages","provider_config_key":"vpc:aws","expressions":{"private_dns_enabled":{"references":["var.ssmmessages_endpoint_private_dns_enabled"]},"security_group_ids":{"references":["var.ssmmessages_endpoint_security_group_ids"]},"service_name":{"references":["data.aws_vpc_endpoint_service.ssmmessages[0]"]},"subnet_ids":{"references":["var.ssmmessages_endpoint_subnet_ids","aws_subnet.private"]},"tags":{"references":["local.vpce_tags"]},"vpc_endpoint_type":{"constant_value":"Interface"},"vpc_id":{"references":["local.vpc_id"]}},"schema_version":0,"count_expression":{"references":["var.create_vpc","var.enable_ssmmessages_endpoint"]},"raw_data":{"FileName":".terraform/modules/atlantis.vpc/vpc-endpoints.tf","StartLine":262,"EndLine":273}},{"address":"aws_vpc_endpoint.states","mode":"managed","type":"aws_vpc_endpoint","name":"states","provider_config_key":"vpc:aws","expressions":{"private_dns_enabled":{"references":["var.states_endpoint_private_dns_enabled"]},"security_group_ids":{"references":["var.states_endpoint_security_group_ids"]},"service_name":{"references":["data.aws_vpc_endpoint_service.states[0]"]},"subnet_ids":{"references":["var.states_endpoint_subnet_ids","aws_subnet.private"]},"tags":{"references":["local.vpce_tags"]},"vpc_endpoint_type":{"constant_value":"Interface"},"vpc_id":{"references":["local.vpc_id"]}},"schema_version":0,"count_expression":{"references":["var.create_vpc","var.enable_states_endpoint"]},"raw_data":{"FileName":".terraform/modules/atlantis.vpc/vpc-endpoints.tf","StartLine":1289,"EndLine":1301}},{"address":"aws_vpc_endpoint.storagegateway","mode":"managed","type":"aws_vpc_endpoint","name":"storagegateway","provider_config_key":"vpc:aws","expressions":{"private_dns_enabled":{"references":["var.storagegateway_endpoint_private_dns_enabled"]},"security_group_ids":{"references":["var.storagegateway_endpoint_security_group_ids"]},"service_name":{"references":["data.aws_vpc_endpoint_service.storagegateway[0]"]},"subnet_ids":{"references":["var.storagegateway_endpoint_subnet_ids","aws_subnet.private"]},"tags":{"references":["local.vpce_tags"]},"vpc_endpoint_type":{"constant_value":"Interface"},"vpc_id":{"references":["local.vpc_id"]}},"schema_version":0,"count_expression":{"references":["var.create_vpc","var.enable_storagegateway_endpoint"]},"raw_data":{"FileName":".terraform/modules/atlantis.vpc/vpc-endpoints.tf","StartLine":863,"EndLine":874}},{"address":"aws_vpc_endpoint.sts","mode":"managed","type":"aws_vpc_endpoint","name":"sts","provider_config_key":"vpc:aws","expressions":{"private_dns_enabled":{"references":["var.sts_endpoint_private_dns_enabled"]},"security_group_ids":{"references":["var.sts_endpoint_security_group_ids"]},"service_name":{"references":["data.aws_vpc_endpoint_service.sts[0]"]},"subnet_ids":{"references":["var.sts_endpoint_subnet_ids","aws_subnet.private"]},"tags":{"references":["local.vpce_tags"]},"vpc_endpoint_type":{"constant_value":"Interface"},"vpc_id":{"references":["local.vpc_id"]}},"schema_version":0,"count_expression":{"references":["var.create_vpc","var.enable_sts_endpoint"]},"raw_data":{"FileName":".terraform/modules/atlantis.vpc/vpc-endpoints.tf","StartLine":757,"EndLine":768}},{"address":"aws_vpc_endpoint.textract","mode":"managed","type":"aws_vpc_endpoint","name":"textract","provider_config_key":"vpc:aws","expressions":{"private_dns_enabled":{"references":["var.textract_endpoint_private_dns_enabled"]},"security_group_ids":{"references":["var.textract_endpoint_security_group_ids"]},"service_name":{"references":["data.aws_vpc_endpoint_service.textract[0]"]},"subnet_ids":{"references":["var.textract_endpoint_subnet_ids","aws_subnet.private"]},"tags":{"references":["local.vpce_tags"]},"vpc_endpoint_type":{"constant_value":"Interface"},"vpc_id":{"references":["local.vpc_id"]}},"schema_version":0,"count_expression":{"references":["var.create_vpc","var.enable_textract_endpoint"]},"raw_data":{"FileName":".terraform/modules/atlantis.vpc/vpc-endpoints.tf","StartLine":1473,"EndLine":1485}},{"address":"aws_vpc_endpoint.transfer","mode":"managed","type":"aws_vpc_endpoint","name":"transfer","provider_config_key":"vpc:aws","expressions":{"private_dns_enabled":{"references":["var.transfer_endpoint_private_dns_enabled"]},"security_group_ids":{"references":["var.transfer_endpoint_security_group_ids"]},"service_name":{"references":["data.aws_vpc_endpoint_service.transfer[0]"]},"subnet_ids":{"references":["var.transfer_endpoint_subnet_ids","aws_subnet.private"]},"tags":{"references":["local.vpce_tags"]},"vpc_endpoint_type":{"constant_value":"Interface"},"vpc_id":{"references":["local.vpc_id"]}},"schema_version":0,"count_expression":{"references":["var.create_vpc","var.enable_transfer_endpoint"]},"raw_data":{"FileName":".terraform/modules/atlantis.vpc/vpc-endpoints.tf","StartLine":884,"EndLine":895}},{"address":"aws_vpc_endpoint.transferserver","mode":"managed","type":"aws_vpc_endpoint","name":"transferserver","provider_config_key":"vpc:aws","expressions":{"private_dns_enabled":{"references":["var.transferserver_endpoint_private_dns_enabled"]},"security_group_ids":{"references":["var.transferserver_endpoint_security_group_ids"]},"service_name":{"references":["data.aws_vpc_endpoint_service.transferserver[0]"]},"subnet_ids":{"references":["var.transferserver_endpoint_subnet_ids","aws_subnet.private"]},"tags":{"references":["local.vpce_tags"]},"vpc_endpoint_type":{"constant_value":"Interface"},"vpc_id":{"references":["local.vpc_id"]}},"schema_version":0,"count_expression":{"references":["var.create_vpc","var.enable_transferserver_endpoint"]},"raw_data":{"FileName":".terraform/modules/atlantis.vpc/vpc-endpoints.tf","StartLine":351,"EndLine":362}},{"address":"aws_vpc_endpoint.workspaces","mode":"managed","type":"aws_vpc_endpoint","name":"workspaces","provider_config_key":"vpc:aws","expressions":{"private_dns_enabled":{"references":["var.workspaces_endpoint_private_dns_enabled"]},"security_group_ids":{"references":["var.workspaces_endpoint_security_group_ids"]},"service_name":{"references":["data.aws_vpc_endpoint_service.workspaces[0]"]},"subnet_ids":{"references":["var.workspaces_endpoint_subnet_ids","aws_subnet.private"]},"tags":{"references":["local.vpce_tags"]},"vpc_endpoint_type":{"constant_value":"Interface"},"vpc_id":{"references":["local.vpc_id"]}},"schema_version":0,"count_expression":{"references":["var.create_vpc","var.enable_workspaces_endpoint"]},"raw_data":{"FileName":".terraform/modules/atlantis.vpc/vpc-endpoints.tf","StartLine":1105,"EndLine":1117}},{"address":"aws_vpc_endpoint_route_table_association.intra_dynamodb","mode":"managed","type":"aws_vpc_endpoint_route_table_association","name":"intra_dynamodb","provider_config_key":"vpc:aws","expressions":{"route_table_id":{"references":["aws_route_table.intra"]},"vpc_endpoint_id":{"references":["aws_vpc_endpoint.dynamodb[0]"]}},"schema_version":0,"count_expression":{"references":["var.create_vpc","var.enable_dynamodb_endpoint","var.intra_subnets"]},"raw_data":{"FileName":".terraform/modules/atlantis.vpc/vpc-endpoints.tf","StartLine":63,"EndLine":68}},{"address":"aws_vpc_endpoint_route_table_association.intra_s3","mode":"managed","type":"aws_vpc_endpoint_route_table_association","name":"intra_s3","provider_config_key":"vpc:aws","expressions":{"route_table_id":{"references":["aws_route_table.intra"]},"vpc_endpoint_id":{"references":["aws_vpc_endpoint.s3[0]"]}},"schema_version":0,"count_expression":{"references":["var.create_vpc","var.enable_s3_endpoint","var.intra_subnets"]},"raw_data":{"FileName":".terraform/modules/atlantis.vpc/vpc-endpoints.tf","StartLine":25,"EndLine":30}},{"address":"aws_vpc_endpoint_route_table_association.private_dynamodb","mode":"managed","type":"aws_vpc_endpoint_route_table_association","name":"private_dynamodb","provider_config_key":"vpc:aws","expressions":{"route_table_id":{"references":["aws_route_table.private","count.index"]},"vpc_endpoint_id":{"references":["aws_vpc_endpoint.dynamodb[0]"]}},"schema_version":0,"count_expression":{"references":["var.create_vpc","var.enable_dynamodb_endpoint","local.nat_gateway_count"]},"raw_data":{"FileName":".terraform/modules/atlantis.vpc/vpc-endpoints.tf","StartLine":56,"EndLine":61}},{"address":"aws_vpc_endpoint_route_table_association.private_s3","mode":"managed","type":"aws_vpc_endpoint_route_table_association","name":"private_s3","provider_config_key":"vpc:aws","expressions":{"route_table_id":{"references":["aws_route_table.private","count.index"]},"vpc_endpoint_id":{"references":["aws_vpc_endpoint.s3[0]"]}},"schema_version":0,"count_expression":{"references":["var.create_vpc","var.enable_s3_endpoint","local.nat_gateway_count"]},"raw_data":{"FileName":".terraform/modules/atlantis.vpc/vpc-endpoints.tf","StartLine":18,"EndLine":23}},{"address":"aws_vpc_endpoint_route_table_association.public_dynamodb","mode":"managed","type":"aws_vpc_endpoint_route_table_association","name":"public_dynamodb","provider_config_key":"vpc:aws","expressions":{"route_table_id":{"references":["aws_route_table.public[0]"]},"vpc_endpoint_id":{"references":["aws_vpc_endpoint.dynamodb[0]"]}},"schema_version":0,"count_expression":{"references":["var.create_vpc","var.enable_dynamodb_endpoint","var.public_subnets"]},"raw_data":{"FileName":".terraform/modules/atlantis.vpc/vpc-endpoints.tf","StartLine":70,"EndLine":75}},{"address":"aws_vpc_endpoint_route_table_association.public_s3","mode":"managed","type":"aws_vpc_endpoint_route_table_association","name":"public_s3","provider_config_key":"vpc:aws","expressions":{"route_table_id":{"references":["aws_route_table.public[0]"]},"vpc_endpoint_id":{"references":["aws_vpc_endpoint.s3[0]"]}},"schema_version":0,"count_expression":{"references":["var.create_vpc","var.enable_s3_endpoint","var.enable_public_s3_endpoint","var.public_subnets"]},"raw_data":{"FileName":".terraform/modules/atlantis.vpc/vpc-endpoints.tf","StartLine":32,"EndLine":37}},{"address":"aws_vpc_ipv4_cidr_block_association.this","mode":"managed","type":"aws_vpc_ipv4_cidr_block_association","name":"this","provider_config_key":"vpc:aws","expressions":{"cidr_block":{"references":["var.secondary_cidr_blocks","count.index"]},"vpc_id":{"references":["aws_vpc.this[0]"]}},"schema_version":0,"count_expression":{"references":["var.create_vpc","var.secondary_cidr_blocks","var.secondary_cidr_blocks"]},"raw_data":{"FileName":".terraform/modules/atlantis.vpc/main.tf","StartLine":49,"EndLine":55}},{"address":"aws_vpn_gateway.this","mode":"managed","type":"aws_vpn_gateway","name":"this","provider_config_key":"vpc:aws","expressions":{"amazon_side_asn":{"references":["var.amazon_side_asn"]},"availability_zone":{"references":["var.vpn_gateway_az"]},"tags":{"references":["var.name","var.tags","var.vpn_gateway_tags"]},"vpc_id":{"references":["local.vpc_id"]}},"schema_version":0,"count_expression":{"references":["var.create_vpc","var.enable_vpn_gateway"]},"raw_data":{"FileName":".terraform/modules/atlantis.vpc/main.tf","StartLine":1083,"EndLine":1097}},{"address":"aws_vpn_gateway_attachment.this","mode":"managed","type":"aws_vpn_gateway_attachment","name":"this","provider_config_key":"vpc:aws","expressions":{"vpc_id":{"references":["local.vpc_id"]},"vpn_gateway_id":{"references":["var.vpn_gateway_id"]}},"schema_version":0,"count_expression":{"references":["var.vpn_gateway_id"]},"raw_data":{"FileName":".terraform/modules/atlantis.vpc/main.tf","StartLine":1099,"EndLine":1104}},{"address":"aws_vpn_gateway_route_propagation.intra","mode":"managed","type":"aws_vpn_gateway_route_propagation","name":"intra","provider_config_key":"vpc:aws","expressions":{"route_table_id":{"references":["aws_route_table.intra","count.index"]},"vpn_gateway_id":{"references":["aws_vpn_gateway.this","aws_vpn_gateway_attachment.this","count.index"]}},"schema_version":0,"count_expression":{"references":["var.create_vpc","var.propagate_intra_route_tables_vgw","var.enable_vpn_gateway","var.vpn_gateway_id","var.intra_subnets"]},"raw_data":{"FileName":".terraform/modules/atlantis.vpc/main.tf","StartLine":1132,"EndLine":1143}},{"address":"aws_vpn_gateway_route_propagation.private","mode":"managed","type":"aws_vpn_gateway_route_propagation","name":"private","provider_config_key":"vpc:aws","expressions":{"route_table_id":{"references":["aws_route_table.private","count.index"]},"vpn_gateway_id":{"references":["aws_vpn_gateway.this","aws_vpn_gateway_attachment.this","count.index"]}},"schema_version":0,"count_expression":{"references":["var.create_vpc","var.propagate_private_route_tables_vgw","var.enable_vpn_gateway","var.vpn_gateway_id","var.private_subnets"]},"raw_data":{"FileName":".terraform/modules/atlantis.vpc/main.tf","StartLine":1119,"EndLine":1130}},{"address":"aws_vpn_gateway_route_propagation.public","mode":"managed","type":"aws_vpn_gateway_route_propagation","name":"public","provider_config_key":"vpc:aws","expressions":{"route_table_id":{"references":["aws_route_table.public","count.index"]},"vpn_gateway_id":{"references":["aws_vpn_gateway.this","aws_vpn_gateway_attachment.this","count.index"]}},"schema_version":0,"count_expression":{"references":["var.create_vpc","var.propagate_public_route_tables_vgw","var.enable_vpn_gateway","var.vpn_gateway_id"]},"raw_data":{"FileName":".terraform/modules/atlantis.vpc/main.tf","StartLine":1106,"EndLine":1117}},{"address":"data.aws_iam_policy_document.flow_log_cloudwatch_assume_role","mode":"data","type":"aws_iam_policy_document","name":"flow_log_cloudwatch_assume_role","provider_config_key":"vpc:aws","expressions":{"statement":[{"actions":{"constant_value":["sts:AssumeRole"]},"effect":{"constant_value":"Allow"},"principals":[{"identifiers":{"constant_value":["vpc-flow-logs.amazonaws.com"]},"type":{"constant_value":"Service"}}]}]},"schema_version":0,"count_expression":{"references":["local.create_flow_log_cloudwatch_iam_role"]},"raw_data":{"FileName":".terraform/modules/atlantis.vpc/vpc-flow-logs.tf","StartLine":54,"EndLine":67}},{"address":"data.aws_iam_policy_document.vpc_flow_log_cloudwatch","mode":"data","type":"aws_iam_policy_document","name":"vpc_flow_log_cloudwatch","provider_config_key":"vpc:aws","expressions":{"statement":[{"actions":{"constant_value":["logs:CreateLogGroup","logs:CreateLogStream","logs:PutLogEvents","logs:DescribeLogGroups","logs:DescribeLogStreams"]},"effect":{"constant_value":"Allow"},"resources":{"constant_value":["*"]},"sid":{"constant_value":"AWSVPCFlowLogsPushToCloudWatch"}}]},"schema_version":0,"count_expression":{"references":["local.create_flow_log_cloudwatch_iam_role"]},"raw_data":{"FileName":".terraform/modules/atlantis.vpc/vpc-flow-logs.tf","StartLine":83,"EndLine":101}},{"address":"data.aws_vpc_endpoint_service.access_analyzer","mode":"data","type":"aws_vpc_endpoint_service","name":"access_analyzer","provider_config_key":"vpc:aws","expressions":{"service":{"constant_value":"access-analyzer"}},"schema_version":0,"count_expression":{"references":["var.create_vpc","var.enable_access_analyzer_endpoint"]},"raw_data":{"FileName":".terraform/modules/atlantis.vpc/vpc-endpoints.tf","StartLine":1122,"EndLine":1126}},{"address":"data.aws_vpc_endpoint_service.acm_pca","mode":"data","type":"aws_vpc_endpoint_service","name":"acm_pca","provider_config_key":"vpc:aws","expressions":{"service":{"constant_value":"acm-pca"}},"schema_version":0,"count_expression":{"references":["var.create_vpc","var.enable_acm_pca_endpoint"]},"raw_data":{"FileName":".terraform/modules/atlantis.vpc/vpc-endpoints.tf","StartLine":1352,"EndLine":1356}},{"address":"data.aws_vpc_endpoint_service.apigw","mode":"data","type":"aws_vpc_endpoint_service","name":"apigw","provider_config_key":"vpc:aws","expressions":{"service":{"constant_value":"execute-api"}},"schema_version":0,"count_expression":{"references":["var.create_vpc","var.enable_apigw_endpoint"]},"raw_data":{"FileName":".terraform/modules/atlantis.vpc/vpc-endpoints.tf","StartLine":411,"EndLine":415}},{"address":"data.aws_vpc_endpoint_service.appmesh_envoy_management","mode":"data","type":"aws_vpc_endpoint_service","name":"appmesh_envoy_management","provider_config_key":"vpc:aws","expressions":{"service":{"constant_value":"appmesh-envoy-management"}},"schema_version":0,"count_expression":{"references":["var.create_vpc","var.enable_appmesh_envoy_management_endpoint"]},"raw_data":{"FileName":".terraform/modules/atlantis.vpc/vpc-endpoints.tf","StartLine":815,"EndLine":819}},{"address":"data.aws_vpc_endpoint_service.appstream_api","mode":"data","type":"aws_vpc_endpoint_service","name":"appstream_api","provider_config_key":"vpc:aws","expressions":{"service":{"constant_value":"appstream.api"}},"schema_version":0,"count_expression":{"references":["var.create_vpc","var.enable_appstream_streaming_endpoint"]},"raw_data":{"FileName":".terraform/modules/atlantis.vpc/vpc-endpoints.tf","StartLine":942,"EndLine":946}},{"address":"data.aws_vpc_endpoint_service.appstream_streaming","mode":"data","type":"aws_vpc_endpoint_service","name":"appstream_streaming","provider_config_key":"vpc:aws","expressions":{"service":{"constant_value":"appstream.streaming"}},"schema_version":0,"count_expression":{"references":["var.create_vpc","var.enable_appstream_streaming_endpoint"]},"raw_data":{"FileName":".terraform/modules/atlantis.vpc/vpc-endpoints.tf","StartLine":964,"EndLine":968}},{"address":"data.aws_vpc_endpoint_service.athena","mode":"data","type":"aws_vpc_endpoint_service","name":"athena","provider_config_key":"vpc:aws","expressions":{"service":{"constant_value":"athena"}},"schema_version":0,"count_expression":{"references":["var.create_vpc","var.enable_athena_endpoint"]},"raw_data":{"FileName":".terraform/modules/atlantis.vpc/vpc-endpoints.tf","StartLine":986,"EndLine":990}},{"address":"data.aws_vpc_endpoint_service.auto_scaling_plans","mode":"data","type":"aws_vpc_endpoint_service","name":"auto_scaling_plans","provider_config_key":"vpc:aws","expressions":{"service":{"constant_value":"autoscaling-plans"}},"schema_version":0,"count_expression":{"references":["var.create_vpc","var.enable_auto_scaling_plans_endpoint"]},"raw_data":{"FileName":".terraform/modules/atlantis.vpc/vpc-endpoints.tf","StartLine":1076,"EndLine":1080}},{"address":"data.aws_vpc_endpoint_service.cloud_directory","mode":"data","type":"aws_vpc_endpoint_service","name":"cloud_directory","provider_config_key":"vpc:aws","expressions":{"service":{"constant_value":"clouddirectory"}},"schema_version":0,"count_expression":{"references":["var.create_vpc","var.enable_cloud_directory_endpoint"]},"raw_data":{"FileName":".terraform/modules/atlantis.vpc/vpc-endpoints.tf","StartLine":1053,"EndLine":1057}},{"address":"data.aws_vpc_endpoint_service.cloudformation","mode":"data","type":"aws_vpc_endpoint_service","name":"cloudformation","provider_config_key":"vpc:aws","expressions":{"service":{"constant_value":"cloudformation"}},"schema_version":0,"count_expression":{"references":["var.create_vpc","var.enable_cloudformation_endpoint"]},"raw_data":{"FileName":".terraform/modules/atlantis.vpc/vpc-endpoints.tf","StartLine":773,"EndLine":777}},{"address":"data.aws_vpc_endpoint_service.cloudtrail","mode":"data","type":"aws_vpc_endpoint_service","name":"cloudtrail","provider_config_key":"vpc:aws","expressions":{"service":{"constant_value":"cloudtrail"}},"schema_version":0,"count_expression":{"references":["var.create_vpc","var.enable_cloudtrail_endpoint"]},"raw_data":{"FileName":".terraform/modules/atlantis.vpc/vpc-endpoints.tf","StartLine":639,"EndLine":643}},{"address":"data.aws_vpc_endpoint_service.codeartifact_api","mode":"data","type":"aws_vpc_endpoint_service","name":"codeartifact_api","provider_config_key":"vpc:aws","expressions":{"service":{"constant_value":"codeartifact.api"}},"schema_version":0,"count_expression":{"references":["var.create_vpc","var.enable_codeartifact_api_endpoint"]},"raw_data":{"FileName":".terraform/modules/atlantis.vpc/vpc-endpoints.tf","StartLine":1490,"EndLine":1494}},{"address":"data.aws_vpc_endpoint_service.codeartifact_repositories","mode":"data","type":"aws_vpc_endpoint_service","name":"codeartifact_repositories","provider_config_key":"vpc:aws","expressions":{"service":{"constant_value":"codeartifact.repositories"}},"schema_version":0,"count_expression":{"references":["var.create_vpc","var.enable_codeartifact_repositories_endpoint"]},"raw_data":{"FileName":".terraform/modules/atlantis.vpc/vpc-endpoints.tf","StartLine":1513,"EndLine":1517}},{"address":"data.aws_vpc_endpoint_service.codebuild","mode":"data","type":"aws_vpc_endpoint_service","name":"codebuild","provider_config_key":"vpc:aws","expressions":{"service":{"constant_value":"codebuild"}},"schema_version":0,"count_expression":{"references":["var.create_vpc","var.enable_codebuild_endpoint"]},"raw_data":{"FileName":".terraform/modules/atlantis.vpc/vpc-endpoints.tf","StartLine":81,"EndLine":85}},{"address":"data.aws_vpc_endpoint_service.codecommit","mode":"data","type":"aws_vpc_endpoint_service","name":"codecommit","provider_config_key":"vpc:aws","expressions":{"service":{"constant_value":"codecommit"}},"schema_version":0,"count_expression":{"references":["var.create_vpc","var.enable_codecommit_endpoint"]},"raw_data":{"FileName":".terraform/modules/atlantis.vpc/vpc-endpoints.tf","StartLine":103,"EndLine":107}},{"address":"data.aws_vpc_endpoint_service.codedeploy","mode":"data","type":"aws_vpc_endpoint_service","name":"codedeploy","provider_config_key":"vpc:aws","expressions":{"service":{"constant_value":"codedeploy"}},"schema_version":0,"count_expression":{"references":["var.create_vpc","var.enable_codedeploy_endpoint"]},"raw_data":{"FileName":".terraform/modules/atlantis.vpc/vpc-endpoints.tf","StartLine":1421,"EndLine":1425}},{"address":"data.aws_vpc_endpoint_service.codedeploy_commands_secure","mode":"data","type":"aws_vpc_endpoint_service","name":"codedeploy_commands_secure","provider_config_key":"vpc:aws","expressions":{"service":{"constant_value":"codedeploy-commands-secure"}},"schema_version":0,"count_expression":{"references":["var.create_vpc","var.enable_codedeploy_commands_secure_endpoint"]},"raw_data":{"FileName":".terraform/modules/atlantis.vpc/vpc-endpoints.tf","StartLine":1444,"EndLine":1448}},{"address":"data.aws_vpc_endpoint_service.codepipeline","mode":"data","type":"aws_vpc_endpoint_service","name":"codepipeline","provider_config_key":"vpc:aws","expressions":{"service":{"constant_value":"codepipeline"}},"schema_version":0,"count_expression":{"references":["var.create_vpc","var.enable_codepipeline_endpoint"]},"raw_data":{"FileName":".terraform/modules/atlantis.vpc/vpc-endpoints.tf","StartLine":794,"EndLine":798}},{"address":"data.aws_vpc_endpoint_service.config","mode":"data","type":"aws_vpc_endpoint_service","name":"config","provider_config_key":"vpc:aws","expressions":{"service":{"constant_value":"config"}},"schema_version":0,"count_expression":{"references":["var.create_vpc","var.enable_config_endpoint"]},"raw_data":{"FileName":".terraform/modules/atlantis.vpc/vpc-endpoints.tf","StartLine":147,"EndLine":151}},{"address":"data.aws_vpc_endpoint_service.datasync","mode":"data","type":"aws_vpc_endpoint_service","name":"datasync","provider_config_key":"vpc:aws","expressions":{"service":{"constant_value":"datasync"}},"schema_version":0,"count_expression":{"references":["var.create_vpc","var.enable_datasync_endpoint"]},"raw_data":{"FileName":".terraform/modules/atlantis.vpc/vpc-endpoints.tf","StartLine":1168,"EndLine":1172}},{"address":"data.aws_vpc_endpoint_service.dynamodb","mode":"data","type":"aws_vpc_endpoint_service","name":"dynamodb","provider_config_key":"vpc:aws","expressions":{"service":{"constant_value":"dynamodb"}},"schema_version":0,"count_expression":{"references":["var.create_vpc","var.enable_dynamodb_endpoint"]},"raw_data":{"FileName":".terraform/modules/atlantis.vpc/vpc-endpoints.tf","StartLine":42,"EndLine":46}},{"address":"data.aws_vpc_endpoint_service.ebs","mode":"data","type":"aws_vpc_endpoint_service","name":"ebs","provider_config_key":"vpc:aws","expressions":{"service":{"constant_value":"ebs"}},"schema_version":0,"count_expression":{"references":["var.create_vpc","var.enable_ebs_endpoint"]},"raw_data":{"FileName":".terraform/modules/atlantis.vpc/vpc-endpoints.tf","StartLine":1145,"EndLine":1149}},{"address":"data.aws_vpc_endpoint_service.ec2","mode":"data","type":"aws_vpc_endpoint_service","name":"ec2","provider_config_key":"vpc:aws","expressions":{"service":{"constant_value":"ec2"}},"schema_version":0,"count_expression":{"references":["var.create_vpc","var.enable_ec2_endpoint"]},"raw_data":{"FileName":".terraform/modules/atlantis.vpc/vpc-endpoints.tf","StartLine":278,"EndLine":282}},{"address":"data.aws_vpc_endpoint_service.ec2_autoscaling","mode":"data","type":"aws_vpc_endpoint_service","name":"ec2_autoscaling","provider_config_key":"vpc:aws","expressions":{"service":{"constant_value":"autoscaling"}},"schema_version":0,"count_expression":{"references":["var.create_vpc","var.enable_ec2_autoscaling_endpoint"]},"raw_data":{"FileName":".terraform/modules/atlantis.vpc/vpc-endpoints.tf","StartLine":322,"EndLine":326}},{"address":"data.aws_vpc_endpoint_service.ec2messages","mode":"data","type":"aws_vpc_endpoint_service","name":"ec2messages","provider_config_key":"vpc:aws","expressions":{"service":{"constant_value":"ec2messages"}},"schema_version":0,"count_expression":{"references":["var.create_vpc","var.enable_ec2messages_endpoint"]},"raw_data":{"FileName":".terraform/modules/atlantis.vpc/vpc-endpoints.tf","StartLine":300,"EndLine":304}},{"address":"data.aws_vpc_endpoint_service.ecr_api","mode":"data","type":"aws_vpc_endpoint_service","name":"ecr_api","provider_config_key":"vpc:aws","expressions":{"service":{"constant_value":"ecr.api"}},"schema_version":0,"count_expression":{"references":["var.create_vpc","var.enable_ecr_api_endpoint"]},"raw_data":{"FileName":".terraform/modules/atlantis.vpc/vpc-endpoints.tf","StartLine":367,"EndLine":371}},{"address":"data.aws_vpc_endpoint_service.ecr_dkr","mode":"data","type":"aws_vpc_endpoint_service","name":"ecr_dkr","provider_config_key":"vpc:aws","expressions":{"service":{"constant_value":"ecr.dkr"}},"schema_version":0,"count_expression":{"references":["var.create_vpc","var.enable_ecr_dkr_endpoint"]},"raw_data":{"FileName":".terraform/modules/atlantis.vpc/vpc-endpoints.tf","StartLine":389,"EndLine":393}},{"address":"data.aws_vpc_endpoint_service.ecs","mode":"data","type":"aws_vpc_endpoint_service","name":"ecs","provider_config_key":"vpc:aws","expressions":{"service":{"constant_value":"ecs"}},"schema_version":0,"count_expression":{"references":["var.create_vpc","var.enable_ecs_endpoint"]},"raw_data":{"FileName":".terraform/modules/atlantis.vpc/vpc-endpoints.tf","StartLine":455,"EndLine":459}},{"address":"data.aws_vpc_endpoint_service.ecs_agent","mode":"data","type":"aws_vpc_endpoint_service","name":"ecs_agent","provider_config_key":"vpc:aws","expressions":{"service":{"constant_value":"ecs-agent"}},"schema_version":0,"count_expression":{"references":["var.create_vpc","var.enable_ecs_agent_endpoint"]},"raw_data":{"FileName":".terraform/modules/atlantis.vpc/vpc-endpoints.tf","StartLine":478,"EndLine":482}},{"address":"data.aws_vpc_endpoint_service.ecs_telemetry","mode":"data","type":"aws_vpc_endpoint_service","name":"ecs_telemetry","provider_config_key":"vpc:aws","expressions":{"service":{"constant_value":"ecs-telemetry"}},"schema_version":0,"count_expression":{"references":["var.create_vpc","var.enable_ecs_telemetry_endpoint"]},"raw_data":{"FileName":".terraform/modules/atlantis.vpc/vpc-endpoints.tf","StartLine":501,"EndLine":505}},{"address":"data.aws_vpc_endpoint_service.efs","mode":"data","type":"aws_vpc_endpoint_service","name":"efs","provider_config_key":"vpc:aws","expressions":{"service":{"constant_value":"elasticfilesystem"}},"schema_version":0,"count_expression":{"references":["var.create_vpc","var.enable_efs_endpoint"]},"raw_data":{"FileName":".terraform/modules/atlantis.vpc/vpc-endpoints.tf","StartLine":1030,"EndLine":1034}},{"address":"data.aws_vpc_endpoint_service.elastic_inference_runtime","mode":"data","type":"aws_vpc_endpoint_service","name":"elastic_inference_runtime","provider_config_key":"vpc:aws","expressions":{"service":{"constant_value":"elastic-inference.runtime"}},"schema_version":0,"count_expression":{"references":["var.create_vpc","var.enable_elastic_inference_runtime_endpoint"]},"raw_data":{"FileName":".terraform/modules/atlantis.vpc/vpc-endpoints.tf","StartLine":1191,"EndLine":1195}},{"address":"data.aws_vpc_endpoint_service.elasticbeanstalk","mode":"data","type":"aws_vpc_endpoint_service","name":"elasticbeanstalk","provider_config_key":"vpc:aws","expressions":{"service":{"constant_value":"elasticbeanstalk"}},"schema_version":0,"count_expression":{"references":["var.create_vpc","var.enable_elasticbeanstalk_endpoint"]},"raw_data":{"FileName":".terraform/modules/atlantis.vpc/vpc-endpoints.tf","StartLine":1306,"EndLine":1310}},{"address":"data.aws_vpc_endpoint_service.elasticbeanstalk_health","mode":"data","type":"aws_vpc_endpoint_service","name":"elasticbeanstalk_health","provider_config_key":"vpc:aws","expressions":{"service":{"constant_value":"elasticbeanstalk-health"}},"schema_version":0,"count_expression":{"references":["var.create_vpc","var.enable_elasticbeanstalk_health_endpoint"]},"raw_data":{"FileName":".terraform/modules/atlantis.vpc/vpc-endpoints.tf","StartLine":1329,"EndLine":1333}},{"address":"data.aws_vpc_endpoint_service.elasticloadbalancing","mode":"data","type":"aws_vpc_endpoint_service","name":"elasticloadbalancing","provider_config_key":"vpc:aws","expressions":{"service":{"constant_value":"elasticloadbalancing"}},"schema_version":0,"count_expression":{"references":["var.create_vpc","var.enable_elasticloadbalancing_endpoint"]},"raw_data":{"FileName":".terraform/modules/atlantis.vpc/vpc-endpoints.tf","StartLine":616,"EndLine":620}},{"address":"data.aws_vpc_endpoint_service.emr","mode":"data","type":"aws_vpc_endpoint_service","name":"emr","provider_config_key":"vpc:aws","expressions":{"service":{"constant_value":"elasticmapreduce"}},"schema_version":0,"count_expression":{"references":["var.create_vpc","var.enable_emr_endpoint"]},"raw_data":{"FileName":".terraform/modules/atlantis.vpc/vpc-endpoints.tf","StartLine":1237,"EndLine":1241}},{"address":"data.aws_vpc_endpoint_service.events","mode":"data","type":"aws_vpc_endpoint_service","name":"events","provider_config_key":"vpc:aws","expressions":{"service":{"constant_value":"events"}},"schema_version":0,"count_expression":{"references":["var.create_vpc","var.enable_events_endpoint"]},"raw_data":{"FileName":".terraform/modules/atlantis.vpc/vpc-endpoints.tf","StartLine":593,"EndLine":597}},{"address":"data.aws_vpc_endpoint_service.git_codecommit","mode":"data","type":"aws_vpc_endpoint_service","name":"git_codecommit","provider_config_key":"vpc:aws","expressions":{"service":{"constant_value":"git-codecommit"}},"schema_version":0,"count_expression":{"references":["var.create_vpc","var.enable_git_codecommit_endpoint"]},"raw_data":{"FileName":".terraform/modules/atlantis.vpc/vpc-endpoints.tf","StartLine":125,"EndLine":129}},{"address":"data.aws_vpc_endpoint_service.glue","mode":"data","type":"aws_vpc_endpoint_service","name":"glue","provider_config_key":"vpc:aws","expressions":{"service":{"constant_value":"glue"}},"schema_version":0,"count_expression":{"references":["var.create_vpc","var.enable_glue_endpoint"]},"raw_data":{"FileName":".terraform/modules/atlantis.vpc/vpc-endpoints.tf","StartLine":707,"EndLine":711}},{"address":"data.aws_vpc_endpoint_service.kinesis_firehose","mode":"data","type":"aws_vpc_endpoint_service","name":"kinesis_firehose","provider_config_key":"vpc:aws","expressions":{"service":{"constant_value":"kinesis-firehose"}},"schema_version":0,"count_expression":{"references":["var.create_vpc","var.enable_kinesis_firehose_endpoint"]},"raw_data":{"FileName":".terraform/modules/atlantis.vpc/vpc-endpoints.tf","StartLine":685,"EndLine":689}},{"address":"data.aws_vpc_endpoint_service.kinesis_streams","mode":"data","type":"aws_vpc_endpoint_service","name":"kinesis_streams","provider_config_key":"vpc:aws","expressions":{"service":{"constant_value":"kinesis-streams"}},"schema_version":0,"count_expression":{"references":["var.create_vpc","var.enable_kinesis_streams_endpoint"]},"raw_data":{"FileName":".terraform/modules/atlantis.vpc/vpc-endpoints.tf","StartLine":662,"EndLine":666}},{"address":"data.aws_vpc_endpoint_service.kms","mode":"data","type":"aws_vpc_endpoint_service","name":"kms","provider_config_key":"vpc:aws","expressions":{"service":{"constant_value":"kms"}},"schema_version":0,"count_expression":{"references":["var.create_vpc","var.enable_kms_endpoint"]},"raw_data":{"FileName":".terraform/modules/atlantis.vpc/vpc-endpoints.tf","StartLine":433,"EndLine":437}},{"address":"data.aws_vpc_endpoint_service.lambda","mode":"data","type":"aws_vpc_endpoint_service","name":"lambda","provider_config_key":"vpc:aws","expressions":{"service":{"constant_value":"lambda"}},"schema_version":0,"count_expression":{"references":["var.create_vpc","var.enable_lambda_endpoint"]},"raw_data":{"FileName":".terraform/modules/atlantis.vpc/vpc-endpoints.tf","StartLine":191,"EndLine":195}},{"address":"data.aws_vpc_endpoint_service.logs","mode":"data","type":"aws_vpc_endpoint_service","name":"logs","provider_config_key":"vpc:aws","expressions":{"service":{"constant_value":"logs"}},"schema_version":0,"count_expression":{"references":["var.create_vpc","var.enable_logs_endpoint"]},"raw_data":{"FileName":".terraform/modules/atlantis.vpc/vpc-endpoints.tf","StartLine":570,"EndLine":574}},{"address":"data.aws_vpc_endpoint_service.monitoring","mode":"data","type":"aws_vpc_endpoint_service","name":"monitoring","provider_config_key":"vpc:aws","expressions":{"service":{"constant_value":"monitoring"}},"schema_version":0,"count_expression":{"references":["var.create_vpc","var.enable_monitoring_endpoint"]},"raw_data":{"FileName":".terraform/modules/atlantis.vpc/vpc-endpoints.tf","StartLine":547,"EndLine":551}},{"address":"data.aws_vpc_endpoint_service.qldb_session","mode":"data","type":"aws_vpc_endpoint_service","name":"qldb_session","provider_config_key":"vpc:aws","expressions":{"service":{"constant_value":"qldb.session"}},"schema_version":0,"count_expression":{"references":["var.create_vpc","var.enable_qldb_session_endpoint"]},"raw_data":{"FileName":".terraform/modules/atlantis.vpc/vpc-endpoints.tf","StartLine":1260,"EndLine":1264}},{"address":"data.aws_vpc_endpoint_service.rds","mode":"data","type":"aws_vpc_endpoint_service","name":"rds","provider_config_key":"vpc:aws","expressions":{"service":{"constant_value":"rds"}},"schema_version":0,"count_expression":{"references":["var.create_vpc","var.enable_rds_endpoint"]},"raw_data":{"FileName":".terraform/modules/atlantis.vpc/vpc-endpoints.tf","StartLine":1398,"EndLine":1402}},{"address":"data.aws_vpc_endpoint_service.rekognition","mode":"data","type":"aws_vpc_endpoint_service","name":"rekognition","provider_config_key":"vpc:aws","expressions":{"service":{"constant_value":"rekognition"}},"schema_version":0,"count_expression":{"references":["var.create_vpc","var.enable_rekognition_endpoint"]},"raw_data":{"FileName":".terraform/modules/atlantis.vpc/vpc-endpoints.tf","StartLine":1008,"EndLine":1012}},{"address":"data.aws_vpc_endpoint_service.s3","mode":"data","type":"aws_vpc_endpoint_service","name":"s3","provider_config_key":"vpc:aws","expressions":{"service":{"constant_value":"s3"}},"schema_version":0,"count_expression":{"references":["var.create_vpc","var.enable_s3_endpoint"]},"raw_data":{"FileName":".terraform/modules/atlantis.vpc/vpc-endpoints.tf","StartLine":4,"EndLine":8}},{"address":"data.aws_vpc_endpoint_service.sagemaker_api","mode":"data","type":"aws_vpc_endpoint_service","name":"sagemaker_api","provider_config_key":"vpc:aws","expressions":{"service":{"constant_value":"sagemaker.api"}},"schema_version":0,"count_expression":{"references":["var.create_vpc","var.enable_sagemaker_api_endpoint"]},"raw_data":{"FileName":".terraform/modules/atlantis.vpc/vpc-endpoints.tf","StartLine":899,"EndLine":903}},{"address":"data.aws_vpc_endpoint_service.sagemaker_notebook","mode":"data","type":"aws_vpc_endpoint_service","name":"sagemaker_notebook","provider_config_key":"vpc:aws","expressions":{"service_name":{"references":["var.sagemaker_notebook_endpoint_region"]}},"schema_version":0,"count_expression":{"references":["var.create_vpc","var.enable_sagemaker_notebook_endpoint"]},"raw_data":{"FileName":".terraform/modules/atlantis.vpc/vpc-endpoints.tf","StartLine":729,"EndLine":733}},{"address":"data.aws_vpc_endpoint_service.sagemaker_runtime","mode":"data","type":"aws_vpc_endpoint_service","name":"sagemaker_runtime","provider_config_key":"vpc:aws","expressions":{"service":{"constant_value":"sagemaker.runtime"}},"schema_version":0,"count_expression":{"references":["var.create_vpc","var.enable_sagemaker_runtime_endpoint"]},"raw_data":{"FileName":".terraform/modules/atlantis.vpc/vpc-endpoints.tf","StartLine":920,"EndLine":924}},{"address":"data.aws_vpc_endpoint_service.secretsmanager","mode":"data","type":"aws_vpc_endpoint_service","name":"secretsmanager","provider_config_key":"vpc:aws","expressions":{"service":{"constant_value":"secretsmanager"}},"schema_version":0,"count_expression":{"references":["var.create_vpc","var.enable_secretsmanager_endpoint"]},"raw_data":{"FileName":".terraform/modules/atlantis.vpc/vpc-endpoints.tf","StartLine":212,"EndLine":216}},{"address":"data.aws_vpc_endpoint_service.servicecatalog","mode":"data","type":"aws_vpc_endpoint_service","name":"servicecatalog","provider_config_key":"vpc:aws","expressions":{"service":{"constant_value":"servicecatalog"}},"schema_version":0,"count_expression":{"references":["var.create_vpc","var.enable_servicecatalog_endpoint"]},"raw_data":{"FileName":".terraform/modules/atlantis.vpc/vpc-endpoints.tf","StartLine":836,"EndLine":840}},{"address":"data.aws_vpc_endpoint_service.ses","mode":"data","type":"aws_vpc_endpoint_service","name":"ses","provider_config_key":"vpc:aws","expressions":{"service":{"constant_value":"email-smtp"}},"schema_version":0,"count_expression":{"references":["var.create_vpc","var.enable_ses_endpoint"]},"raw_data":{"FileName":".terraform/modules/atlantis.vpc/vpc-endpoints.tf","StartLine":1375,"EndLine":1379}},{"address":"data.aws_vpc_endpoint_service.sms","mode":"data","type":"aws_vpc_endpoint_service","name":"sms","provider_config_key":"vpc:aws","expressions":{"service":{"constant_value":"sms"}},"schema_version":0,"count_expression":{"references":["var.create_vpc","var.enable_sms_endpoint"]},"raw_data":{"FileName":".terraform/modules/atlantis.vpc/vpc-endpoints.tf","StartLine":1214,"EndLine":1218}},{"address":"data.aws_vpc_endpoint_service.sns","mode":"data","type":"aws_vpc_endpoint_service","name":"sns","provider_config_key":"vpc:aws","expressions":{"service":{"constant_value":"sns"}},"schema_version":0,"count_expression":{"references":["var.create_vpc","var.enable_sns_endpoint"]},"raw_data":{"FileName":".terraform/modules/atlantis.vpc/vpc-endpoints.tf","StartLine":524,"EndLine":528}},{"address":"data.aws_vpc_endpoint_service.sqs","mode":"data","type":"aws_vpc_endpoint_service","name":"sqs","provider_config_key":"vpc:aws","expressions":{"service":{"constant_value":"sqs"}},"schema_version":0,"count_expression":{"references":["var.create_vpc","var.enable_sqs_endpoint"]},"raw_data":{"FileName":".terraform/modules/atlantis.vpc/vpc-endpoints.tf","StartLine":169,"EndLine":173}},{"address":"data.aws_vpc_endpoint_service.ssm","mode":"data","type":"aws_vpc_endpoint_service","name":"ssm","provider_config_key":"vpc:aws","expressions":{"service":{"constant_value":"ssm"}},"schema_version":0,"count_expression":{"references":["var.create_vpc","var.enable_ssm_endpoint"]},"raw_data":{"FileName":".terraform/modules/atlantis.vpc/vpc-endpoints.tf","StartLine":234,"EndLine":238}},{"address":"data.aws_vpc_endpoint_service.ssmmessages","mode":"data","type":"aws_vpc_endpoint_service","name":"ssmmessages","provider_config_key":"vpc:aws","expressions":{"service":{"constant_value":"ssmmessages"}},"schema_version":0,"count_expression":{"references":["var.create_vpc","var.enable_ssmmessages_endpoint"]},"raw_data":{"FileName":".terraform/modules/atlantis.vpc/vpc-endpoints.tf","StartLine":256,"EndLine":260}},{"address":"data.aws_vpc_endpoint_service.states","mode":"data","type":"aws_vpc_endpoint_service","name":"states","provider_config_key":"vpc:aws","expressions":{"service":{"constant_value":"states"}},"schema_version":0,"count_expression":{"references":["var.create_vpc","var.enable_states_endpoint"]},"raw_data":{"FileName":".terraform/modules/atlantis.vpc/vpc-endpoints.tf","StartLine":1283,"EndLine":1287}},{"address":"data.aws_vpc_endpoint_service.storagegateway","mode":"data","type":"aws_vpc_endpoint_service","name":"storagegateway","provider_config_key":"vpc:aws","expressions":{"service":{"constant_value":"storagegateway"}},"schema_version":0,"count_expression":{"references":["var.create_vpc","var.enable_storagegateway_endpoint"]},"raw_data":{"FileName":".terraform/modules/atlantis.vpc/vpc-endpoints.tf","StartLine":857,"EndLine":861}},{"address":"data.aws_vpc_endpoint_service.sts","mode":"data","type":"aws_vpc_endpoint_service","name":"sts","provider_config_key":"vpc:aws","expressions":{"service":{"constant_value":"sts"}},"schema_version":0,"count_expression":{"references":["var.create_vpc","var.enable_sts_endpoint"]},"raw_data":{"FileName":".terraform/modules/atlantis.vpc/vpc-endpoints.tf","StartLine":751,"EndLine":755}},{"address":"data.aws_vpc_endpoint_service.textract","mode":"data","type":"aws_vpc_endpoint_service","name":"textract","provider_config_key":"vpc:aws","expressions":{"service":{"constant_value":"textract"}},"schema_version":0,"count_expression":{"references":["var.create_vpc","var.enable_textract_endpoint"]},"raw_data":{"FileName":".terraform/modules/atlantis.vpc/vpc-endpoints.tf","StartLine":1467,"EndLine":1471}},{"address":"data.aws_vpc_endpoint_service.transfer","mode":"data","type":"aws_vpc_endpoint_service","name":"transfer","provider_config_key":"vpc:aws","expressions":{"service":{"constant_value":"transfer"}},"schema_version":0,"count_expression":{"references":["var.create_vpc","var.enable_transfer_endpoint"]},"raw_data":{"FileName":".terraform/modules/atlantis.vpc/vpc-endpoints.tf","StartLine":878,"EndLine":882}},{"address":"data.aws_vpc_endpoint_service.transferserver","mode":"data","type":"aws_vpc_endpoint_service","name":"transferserver","provider_config_key":"vpc:aws","expressions":{"service":{"constant_value":"transfer.server"}},"schema_version":0,"count_expression":{"references":["var.create_vpc","var.enable_transferserver_endpoint"]},"raw_data":{"FileName":".terraform/modules/atlantis.vpc/vpc-endpoints.tf","StartLine":345,"EndLine":349}},{"address":"data.aws_vpc_endpoint_service.workspaces","mode":"data","type":"aws_vpc_endpoint_service","name":"workspaces","provider_config_key":"vpc:aws","expressions":{"service":{"constant_value":"workspaces"}},"schema_version":0,"count_expression":{"references":["var.create_vpc","var.enable_workspaces_endpoint"]},"raw_data":{"FileName":".terraform/modules/atlantis.vpc/vpc-endpoints.tf","StartLine":1099,"EndLine":1103}}],"variables":{"access_analyzer_endpoint_private_dns_enabled":{"default":false,"description":"Whether or not to associate a private hosted zone with the specified VPC for Access Analyzer endpoint"},"access_analyzer_endpoint_security_group_ids":{"default":[],"description":"The ID of one or more security groups to associate with the network interface for Access Analyzer endpoint"},"access_analyzer_endpoint_subnet_ids":{"default":[],"description":"The ID of one or more subnets in which to create a network interface for Access Analyzer endpoint. Only a single subnet within an AZ is supported. Ifomitted, private subnets will be used."},"acm_pca_endpoint_private_dns_enabled":{"default":false,"description":"Whether or not to associate a private hosted zone with the specified VPC for ACM PCA endpoint"},"acm_pca_endpoint_security_group_ids":{"default":[],"description":"The ID of one or more security groups to associate with the network interface for ACM PCA endpoint"},"acm_pca_endpoint_subnet_ids":{"default":[],"description":"The ID of one or more subnets in which to create a network interface for ACM PCA endpoint. Only a single subnet within an AZ is supported. If omitted, private subnets will be used."},"amazon_side_asn":{"default":"64512","description":"The Autonomous System Number (ASN) for the Amazon side of the gateway. By default the virtual private gateway is created with the current default Amazon ASN."},"apigw_endpoint_private_dns_enabled":{"default":false,"description":"Whether or not to associate a private hosted zone with the specified VPC for API GW endpoint"},"apigw_endpoint_security_group_ids":{"default":[],"description":"The ID of one or more security groups to associate with the network interface for API GW  endpoint"},"apigw_endpoint_subnet_ids":{"default":[],"description":"The ID of one or more subnets in which to create a network interface for API GW endpoint. Only a single subnet within an AZ is supported. If omitted, private subnets will be used."},"appmesh_envoy_management_endpoint_private_dns_enabled":{"default":false,"description":"Whether or not to associate a private hosted zone with the specified VPC for AppMesh endpoint"},"appmesh_envoy_management_endpoint_security_group_ids":{"default":[],"description":"The ID of one or more security groups to associate with the network interface for AppMesh endpoint"},"appmesh_envoy_management_endpoint_subnet_ids":{"default":[],"description":"The ID of one or more subnets in which to create a network interface for AppMesh endpoint. Only a single subnet within an AZ is supported. If omitted, private subnets will be used."},"appstream_api_endpoint_private_dns_enabled":{"default":false,"description":"Whether or not to associate a private hosted zone with the specified VPC for AppStream API endpoint"},"appstream_api_endpoint_security_group_ids":{"default":[],"description":"The ID of one or more security groups to associate with the network interface for AppStream API endpoint"},"appstream_api_endpoint_subnet_ids":{"default":[],"description":"The ID of one or more subnets in which to create a network interface for AppStream API endpoint. Only a single subnet within an AZ is supported. If omitted, private subnets will be used."},"appstream_streaming_endpoint_private_dns_enabled":{"default":false,"description":"Whether or not to associate a private hosted zone with the specified VPC for AppStream Streaming endpoint"},"appstream_streaming_endpoint_security_group_ids":{"default":[],"description":"The ID of one or more security groups to associate with the network interface for AppStream Streaming endpoint"},"appstream_streaming_endpoint_subnet_ids":{"default":[],"description":"The ID of one or more subnets in which to create a network interface for AppStream Streaming endpoint. Only a single subnet within an AZ is supported. If omitted, private subnets will be used."},"assign_ipv6_address_on_creation":{"default":false,"description":"Assign IPv6 address on subnet, must be disabled to change IPv6 CIDRs. This is the IPv6 equivalent of map_public_ip_on_launch"},"athena_endpoint_private_dns_enabled":{"default":false,"description":"Whether or not to associate a private hosted zone with the specified VPC for Athena endpoint"},"athena_endpoint_security_group_ids":{"default":[],"description":"The ID of one or more security groups to associate with the network interface for Athena endpoint"},"athena_endpoint_subnet_ids":{"default":[],"description":"The ID of one or more subnets in which to create a network interface for Athena endpoint. Only a single subnet within an AZ is supported. If omitted, private subnets will be used."},"auto_scaling_plans_endpoint_private_dns_enabled":{"default":false,"description":"Whether or not to associate a private hosted zone with the specified VPC for Auto Scaling Plans endpoint"},"auto_scaling_plans_endpoint_security_group_ids":{"default":[],"description":"The ID of one or more security groups to associate with the network interface for Auto Scaling Plans endpoint"},"auto_scaling_plans_endpoint_subnet_ids":{"default":[],"description":"The ID of one or more subnets in which to create a network interface for Auto Scaling Plans endpoint. Only a single subnet within an AZ is supported. Ifomitted, private subnets will be used."},"azs":{"default":[],"description":"A list of availability zones names or ids in the region"},"cidr":{"default":"0.0.0.0/0","description":"The CIDR block for the VPC. Default value is a valid CIDR, but not acceptable by AWS and should be overridden"},"cloud_directory_endpoint_private_dns_enabled":{"default":false,"description":"Whether or not to associate a private hosted zone with the specified VPC for Cloud Directory endpoint"},"cloud_directory_endpoint_security_group_ids":{"default":[],"description":"The ID of one or more security groups to associate with the network interface for Cloud Directory endpoint"},"cloud_directory_endpoint_subnet_ids":{"default":[],"description":"The ID of one or more subnets in which to create a network interface for Cloud Directory endpoint. Only a single subnet within an AZ is supported. Ifomitted, private subnets will be used."},"cloudformation_endpoint_private_dns_enabled":{"default":false,"description":"Whether or not to associate a private hosted zone with the specified VPC for Cloudformation endpoint"},"cloudformation_endpoint_security_group_ids":{"default":[],"description":"The ID of one or more security groups to associate with the network interface for Cloudformation endpoint"},"cloudformation_endpoint_subnet_ids":{"default":[],"description":"The ID of one or more subnets in which to create a network interface for Cloudformation endpoint. Only a single subnet within an AZ is supported. If omitted, private subnets will be used."},"cloudtrail_endpoint_private_dns_enabled":{"default":false,"description":"Whether or not to associate a private hosted zone with the specified VPC for CloudTrail endpoint"},"cloudtrail_endpoint_security_group_ids":{"default":[],"description":"The ID of one or more security groups to associate with the network interface for CloudTrail endpoint"},"cloudtrail_endpoint_subnet_ids":{"default":[],"description":"The ID of one or more subnets in which to create a network interface for CloudTrail endpoint. Only a single subnet within an AZ is supported. If omitted, private subnets will be used."},"codeartifact_api_endpoint_private_dns_enabled":{"default":false,"description":"Whether or not to associate a private hosted zone with the specified VPC for Codeartifact API endpoint"},"codeartifact_api_endpoint_security_group_ids":{"default":[],"description":"The ID of one or more security groups to associate with the network interface for Codeartifact API endpoint"},"codeartifact_api_endpoint_subnet_ids":{"default":[],"description":"The ID of one or more subnets in which to create a network interface for Codeartifact API endpoint. Only a single subnet within an AZ is supported. If omitted, private subnets will be used."},"codeartifact_repositories_endpoint_private_dns_enabled":{"default":false,"description":"Whether or not to associate a private hosted zone with the specified VPC for Codeartifact repositories endpoint"},"codeartifact_repositories_endpoint_security_group_ids":{"default":[],"description":"The ID of one or more security groups to associate with the network interface for Codeartifact repositories endpoint"},"codeartifact_repositories_endpoint_subnet_ids":{"default":[],"description":"The ID of one or more subnets in which to create a network interface for Codeartifact repositories endpoint. Only a single subnet within an AZ is supported. If omitted, private subnets will be used."},"codebuild_endpoint_private_dns_enabled":{"default":false,"description":"Whether or not to associate a private hosted zone with the specified VPC for Codebuild endpoint"},"codebuild_endpoint_security_group_ids":{"default":[],"description":"The ID of one or more security groups to associate with the network interface for Codebuild endpoint"},"codebuild_endpoint_subnet_ids":{"default":[],"description":"The ID of one or more subnets in which to create a network interface for Codebuilt endpoint. Only a single subnet within an AZ is supported. If omitted, private subnets will be used."},"codecommit_endpoint_private_dns_enabled":{"default":false,"description":"Whether or not to associate a private hosted zone with the specified VPC for Codecommit endpoint"},"codecommit_endpoint_security_group_ids":{"default":[],"description":"The ID of one or more security groups to associate with the network interface for Codecommit endpoint"},"codecommit_endpoint_subnet_ids":{"default":[],"description":"The ID of one or more subnets in which to create a network interface for Codecommit endpoint. Only a single subnet within an AZ is supported. If omitted, private subnets will be used."},"codedeploy_commands_secure_endpoint_private_dns_enabled":{"default":false,"description":"Whether or not to associate a private hosted zone with the specified VPC for CodeDeploy Commands Secure endpoint"},"codedeploy_commands_secure_endpoint_security_group_ids":{"default":[],"description":"The ID of one or more security groups to associate with the network interface for CodeDeploy Commands Secure endpoint"},"codedeploy_commands_secure_endpoint_subnet_ids":{"default":[],"description":"The ID of one or more subnets in which to create a network interface for CodeDeploy Commands Secure endpoint. Only a single subnet within an AZ is supported. If omitted, private subnets will be used."},"codedeploy_endpoint_private_dns_enabled":{"default":false,"description":"Whether or not to associate a private hosted zone with the specified VPC for CodeDeploy endpoint"},"codedeploy_endpoint_security_group_ids":{"default":[],"description":"The ID of one or more security groups to associate with the network interface for CodeDeploy endpoint"},"codedeploy_endpoint_subnet_ids":{"default":[],"description":"The ID of one or more subnets in which to create a network interface for CodeDeploy endpoint. Only a single subnet within an AZ is supported. If omitted, private subnets will be used."},"codepipeline_endpoint_private_dns_enabled":{"default":false,"description":"Whether or not to associate a private hosted zone with the specified VPC for CodePipeline endpoint"},"codepipeline_endpoint_security_group_ids":{"default":[],"description":"The ID of one or more security groups to associate with the network interface for CodePipeline endpoint"},"codepipeline_endpoint_subnet_ids":{"default":[],"description":"The ID of one or more subnets in which to create a network interface for CodePipeline endpoint. Only a single subnet within an AZ is supported. If omitted, private subnets will be used."},"config_endpoint_private_dns_enabled":{"default":false,"description":"Whether or not to associate a private hosted zone with the specified VPC for config endpoint"},"config_endpoint_security_group_ids":{"default":[],"description":"The ID of one or more security groups to associate with the network interface for config endpoint"},"config_endpoint_subnet_ids":{"default":[],"description":"The ID of one or more subnets in which to create a network interface for config endpoint. Only a single subnet within an AZ is supported. If omitted, private subnets will be used."},"create_database_internet_gateway_route":{"default":false,"description":"Controls if an internet gateway route for public database access should be created"},"create_database_nat_gateway_route":{"default":false,"description":"Controls if a nat gateway route should be created to give internet access to the database subnets"},"create_database_subnet_group":{"default":true,"description":"Controls if database subnet group should be created (n.b. database_subnets must also be set)"},"create_database_subnet_route_table":{"default":false,"description":"Controls if separate route table for database should be created"},"create_egress_only_igw":{"default":true,"description":"Controls if an Egress Only Internet Gateway is created and its related routes."},"create_elasticache_subnet_group":{"default":true,"description":"Controls if elasticache subnet group should be created"},"create_elasticache_subnet_route_table":{"default":false,"description":"Controls if separate route table for elasticache should be created"},"create_flow_log_cloudwatch_iam_role":{"default":false,"description":"Whether to create IAM role for VPC Flow Logs"},"create_flow_log_cloudwatch_log_group":{"default":false,"description":"Whether to create CloudWatch log group for VPC Flow Logs"},"create_igw":{"default":true,"description":"Controls if an Internet Gateway is created for public subnets and the related routes that connect them."},"create_redshift_subnet_group":{"default":true,"description":"Controls if redshift subnet group should be created"},"create_redshift_subnet_route_table":{"default":false,"description":"Controls if separate route table for redshift should be created"},"create_vpc":{"default":true,"description":"Controls if VPC should be created (it affects almost all resources)"},"customer_gateway_tags":{"default":{},"description":"Additional tags for the Customer Gateway"},"customer_gateways":{"default":{},"description":"Maps of Customer Gateway's attributes (BGP ASN and Gateway's Internet-routable external IP address)"},"database_acl_tags":{"default":{},"description":"Additional tags for the database subnets network ACL"},"database_dedicated_network_acl":{"default":false,"description":"Whether to use dedicated network ACL (not default) and custom rules for database subnets"},"database_inbound_acl_rules":{"default":[{"cidr_block":"0.0.0.0/0","from_port":"0","protocol":"-1","rule_action":"allow","rule_number":"100","to_port":"0"}],"description":"Database subnets inbound network ACL rules"},"database_outbound_acl_rules":{"default":[{"cidr_block":"0.0.0.0/0","from_port":"0","protocol":"-1","rule_action":"allow","rule_number":"100","to_port":"0"}],"description":"Database subnets outbound network ACL rules"},"database_route_table_tags":{"default":{},"description":"Additional tags for the database route tables"},"database_subnet_assign_ipv6_address_on_creation":{"default":null,"description":"Assign IPv6 address on database subnet, must be disabled to change IPv6 CIDRs. This is the IPv6 equivalent of map_public_ip_on_launch"},"database_subnet_group_tags":{"default":{},"description":"Additional tags for the database subnet group"},"database_subnet_ipv6_prefixes":{"default":[],"description":"Assigns IPv6 database subnet id based on the Amazon provided /56 prefix base 10 integer (0-256). Must be of equal length to the corresponding IPv4 subnet list"},"database_subnet_suffix":{"default":"db","description":"Suffix to append to database subnets name"},"database_subnet_tags":{"default":{},"description":"Additional tags for the database subnets"},"database_subnets":{"default":[],"description":"A list of database subnets"},"datasync_endpoint_private_dns_enabled":{"default":false,"description":"Whether or not to associate a private hosted zone with the specified VPC for Data Sync endpoint"},"datasync_endpoint_security_group_ids":{"default":[],"description":"The ID of one or more security groups to associate with the network interface for Data Sync endpoint"},"datasync_endpoint_subnet_ids":{"default":[],"description":"The ID of one or more subnets in which to create a network interface for Data Sync endpoint. Only a single subnet within an AZ is supported. Ifomitted, private subnets will be used."},"default_network_acl_egress":{"default":[{"action":"allow","cidr_block":"0.0.0.0/0","from_port":"0","protocol":"-1","rule_no":"100","to_port":"0"},{"action":"allow","from_port":"0","ipv6_cidr_block":"::/0","protocol":"-1","rule_no":"101","to_port":"0"}],"description":"List of maps of egress rules to set on the Default Network ACL"},"default_network_acl_ingress":{"default":[{"action":"allow","cidr_block":"0.0.0.0/0","from_port":"0","protocol":"-1","rule_no":"100","to_port":"0"},{"action":"allow","from_port":"0","ipv6_cidr_block":"::/0","protocol":"-1","rule_no":"101","to_port":"0"}],"description":"List of maps of ingress rules to set on the Default Network ACL"},"default_network_acl_name":{"default":"","description":"Name to be used on the Default Network ACL"},"default_network_acl_tags":{"default":{},"description":"Additional tags for the Default Network ACL"},"default_security_group_egress":{"default":null,"description":"List of maps of egress rules to set on the default security group"},"default_security_group_ingress":{"default":null,"description":"List of maps of ingress rules to set on the default security group"},"default_security_group_name":{"default":"default","description":"Name to be used on the default security group"},"default_security_group_tags":{"default":{},"description":"Additional tags for the default security group"},"default_vpc_enable_classiclink":{"default":false,"description":"Should be true to enable ClassicLink in the Default VPC"},"default_vpc_enable_dns_hostnames":{"default":false,"description":"Should be true to enable DNS hostnames in the Default VPC"},"default_vpc_enable_dns_support":{"default":true,"description":"Should be true to enable DNS support in the Default VPC"},"default_vpc_name":{"default":"","description":"Name to be used on the Default VPC"},"default_vpc_tags":{"default":{},"description":"Additional tags for the Default VPC"},"dhcp_options_domain_name":{"default":"","description":"Specifies DNS name for DHCP options set (requires enable_dhcp_options set to true)"},"dhcp_options_domain_name_servers":{"default":["AmazonProvidedDNS"],"description":"Specify a list of DNS server addresses for DHCP options set, default to AWS provided (requires enable_dhcp_options set to true)"},"dhcp_options_netbios_name_servers":{"default":[],"description":"Specify a list of netbios servers for DHCP options set (requires enable_dhcp_options set to true)"},"dhcp_options_netbios_node_type":{"default":"","description":"Specify netbios node_type for DHCP options set (requires enable_dhcp_options set to true)"},"dhcp_options_ntp_servers":{"default":[],"description":"Specify a list of NTP servers for DHCP options set (requires enable_dhcp_options set to true)"},"dhcp_options_tags":{"default":{},"description":"Additional tags for the DHCP option set (requires enable_dhcp_options set to true)"},"ebs_endpoint_private_dns_enabled":{"default":false,"description":"Whether or not to associate a private hosted zone with the specified VPC for EBS endpoint"},"ebs_endpoint_security_group_ids":{"default":[],"description":"The ID of one or more security groups to associate with the network interface for EBS endpoint"},"ebs_endpoint_subnet_ids":{"default":[],"description":"The ID of one or more subnets in which to create a network interface for EBS endpoint. Only a single subnet within an AZ is supported. Ifomitted, private subnets will be used."},"ec2_autoscaling_endpoint_private_dns_enabled":{"default":false,"description":"Whether or not to associate a private hosted zone with the specified VPC for EC2 Autoscaling endpoint"},"ec2_autoscaling_endpoint_security_group_ids":{"default":[],"description":"The ID of one or more security groups to associate with the network interface for EC2 Autoscaling endpoint"},"ec2_autoscaling_endpoint_subnet_ids":{"default":[],"description":"The ID of one or more subnets in which to create a network interface for EC2 Autoscaling endpoint. Only a single subnet within an AZ is supported. If omitted, private subnets will be used."},"ec2_endpoint_private_dns_enabled":{"default":false,"description":"Whether or not to associate a private hosted zone with the specified VPC for EC2 endpoint"},"ec2_endpoint_security_group_ids":{"default":[],"description":"The ID of one or more security groups to associate with the network interface for EC2 endpoint"},"ec2_endpoint_subnet_ids":{"default":[],"description":"The ID of one or more subnets in which to create a network interface for EC2 endpoint. Only a single subnet within an AZ is supported. If omitted, private subnets will be used."},"ec2messages_endpoint_private_dns_enabled":{"default":false,"description":"Whether or not to associate a private hosted zone with the specified VPC for EC2MESSAGES endpoint"},"ec2messages_endpoint_security_group_ids":{"default":[],"description":"The ID of one or more security groups to associate with the network interface for EC2MESSAGES endpoint"},"ec2messages_endpoint_subnet_ids":{"default":[],"description":"The ID of one or more subnets in which to create a network interface for EC2MESSAGES endpoint. Only a single subnet within an AZ is supported. If omitted, private subnets will be used."},"ecr_api_endpoint_private_dns_enabled":{"default":false,"description":"Whether or not to associate a private hosted zone with the specified VPC for ECR API endpoint"},"ecr_api_endpoint_security_group_ids":{"default":[],"description":"The ID of one or more security groups to associate with the network interface for ECR API endpoint"},"ecr_api_endpoint_subnet_ids":{"default":[],"description":"The ID of one or more subnets in which to create a network interface for ECR api endpoint. If omitted, private subnets will be used."},"ecr_dkr_endpoint_private_dns_enabled":{"default":false,"description":"Whether or not to associate a private hosted zone with the specified VPC for ECR DKR endpoint"},"ecr_dkr_endpoint_security_group_ids":{"default":[],"description":"The ID of one or more security groups to associate with the network interface for ECR DKR endpoint"},"ecr_dkr_endpoint_subnet_ids":{"default":[],"description":"The ID of one or more subnets in which to create a network interface for ECR dkr endpoint. If omitted, private subnets will be used."},"ecs_agent_endpoint_private_dns_enabled":{"default":false,"description":"Whether or not to associate a private hosted zone with the specified VPC for ECS Agent endpoint"},"ecs_agent_endpoint_security_group_ids":{"default":[],"description":"The ID of one or more security groups to associate with the network interface for ECS Agent endpoint"},"ecs_agent_endpoint_subnet_ids":{"default":[],"description":"The ID of one or more subnets in which to create a network interface for ECS Agent endpoint. Only a single subnet within an AZ is supported. If omitted, private subnets will be used."},"ecs_endpoint_private_dns_enabled":{"default":false,"description":"Whether or not to associate a private hosted zone with the specified VPC for ECS endpoint"},"ecs_endpoint_security_group_ids":{"default":[],"description":"The ID of one or more security groups to associate with the network interface for ECS endpoint"},"ecs_endpoint_subnet_ids":{"default":[],"description":"The ID of one or more subnets in which to create a network interface for ECS endpoint. Only a single subnet within an AZ is supported. If omitted, private subnets will be used."},"ecs_telemetry_endpoint_private_dns_enabled":{"default":false,"description":"Whether or not to associate a private hosted zone with the specified VPC for ECS Telemetry endpoint"},"ecs_telemetry_endpoint_security_group_ids":{"default":[],"description":"The ID of one or more security groups to associate with the network interface for ECS Telemetry endpoint"},"ecs_telemetry_endpoint_subnet_ids":{"default":[],"description":"The ID of one or more subnets in which to create a network interface for ECS Telemetry endpoint. Only a single subnet within an AZ is supported. If omitted, private subnets will be used."},"efs_endpoint_private_dns_enabled":{"default":false,"description":"Whether or not to associate a private hosted zone with the specified VPC for EFS endpoint"},"efs_endpoint_security_group_ids":{"default":[],"description":"The ID of one or more security groups to associate with the network interface for EFS endpoint"},"efs_endpoint_subnet_ids":{"default":[],"description":"The ID of one or more subnets in which to create a network interface for EFS endpoint. Only a single subnet within an AZ is supported. Ifomitted, private subnets will be used."},"elastic_inference_runtime_endpoint_private_dns_enabled":{"default":false,"description":"Whether or not to associate a private hosted zone with the specified VPC for Elastic Inference Runtime endpoint"},"elastic_inference_runtime_endpoint_security_group_ids":{"default":[],"description":"The ID of one or more security groups to associate with the network interface for Elastic Inference Runtime endpoint"},"elastic_inference_runtime_endpoint_subnet_ids":{"default":[],"description":"The ID of one or more subnets in which to create a network interface for Elastic Inference Runtime endpoint. Only a single subnet within an AZ is supported. Ifomitted, private subnets will be used."},"elasticache_acl_tags":{"default":{},"description":"Additional tags for the elasticache subnets network ACL"},"elasticache_dedicated_network_acl":{"default":false,"description":"Whether to use dedicated network ACL (not default) and custom rules for elasticache subnets"},"elasticache_inbound_acl_rules":{"default":[{"cidr_block":"0.0.0.0/0","from_port":"0","protocol":"-1","rule_action":"allow","rule_number":"100","to_port":"0"}],"description":"Elasticache subnets inbound network ACL rules"},"elasticache_outbound_acl_rules":{"default":[{"cidr_block":"0.0.0.0/0","from_port":"0","protocol":"-1","rule_action":"allow","rule_number":"100","to_port":"0"}],"description":"Elasticache subnets outbound network ACL rules"},"elasticache_route_table_tags":{"default":{},"description":"Additional tags for the elasticache route tables"},"elasticache_subnet_assign_ipv6_address_on_creation":{"default":null,"description":"Assign IPv6 address on elasticache subnet, must be disabled to change IPv6 CIDRs. This is the IPv6 equivalent of map_public_ip_on_launch"},"elasticache_subnet_ipv6_prefixes":{"default":[],"description":"Assigns IPv6 elasticache subnet id based on the Amazon provided /56 prefix base 10 integer (0-256). Must be of equal length to the corresponding IPv4 subnet list"},"elasticache_subnet_suffix":{"default":"elasticache","description":"Suffix to append to elasticache subnets name"},"elasticache_subnet_tags":{"default":{},"description":"Additional tags for the elasticache subnets"},"elasticache_subnets":{"default":[],"description":"A list of elasticache subnets"},"elasticbeanstalk_endpoint_private_dns_enabled":{"default":false,"description":"Whether or not to associate a private hosted zone with the specified VPC for Elastic Beanstalk endpoint"},"elasticbeanstalk_endpoint_security_group_ids":{"default":[],"description":"The ID of one or more security groups to associate with the network interface for Elastic Beanstalk endpoint"},"elasticbeanstalk_endpoint_subnet_ids":{"default":[],"description":"The ID of one or more subnets in which to create a network interface for Elastic Beanstalk endpoint. Only a single subnet within an AZ is supported. If omitted, private subnets will be used."},"elasticbeanstalk_health_endpoint_private_dns_enabled":{"default":false,"description":"Whether or not to associate a private hosted zone with the specified VPC for Elastic Beanstalk Health endpoint"},"elasticbeanstalk_health_endpoint_security_group_ids":{"default":[],"description":"The ID of one or more security groups to associate with the network interface for Elastic Beanstalk Health endpoint"},"elasticbeanstalk_health_endpoint_subnet_ids":{"default":[],"description":"The ID of one or more subnets in which to create a network interface for Elastic Beanstalk Health endpoint. Only a single subnet within an AZ is supported. If omitted, private subnets will be used."},"elasticloadbalancing_endpoint_private_dns_enabled":{"default":false,"description":"Whether or not to associate a private hosted zone with the specified VPC for Elastic Load Balancing endpoint"},"elasticloadbalancing_endpoint_security_group_ids":{"default":[],"description":"The ID of one or more security groups to associate with the network interface for Elastic Load Balancing endpoint"},"elasticloadbalancing_endpoint_subnet_ids":{"default":[],"description":"The ID of one or more subnets in which to create a network interface for Elastic Load Balancing endpoint. Only a single subnet within an AZ is supported. If omitted, private subnets will be used."},"emr_endpoint_private_dns_enabled":{"default":false,"description":"Whether or not to associate a private hosted zone with the specified VPC for EMR endpoint"},"emr_endpoint_security_group_ids":{"default":[],"description":"The ID of one or more security groups to associate with the network interface for EMR endpoint"},"emr_endpoint_subnet_ids":{"default":[],"description":"The ID of one or more subnets in which to create a network interface for EMR endpoint. Only a single subnet within an AZ is supported. Ifomitted, private subnets will be used."},"enable_access_analyzer_endpoint":{"default":false,"description":"Should be true if you want to provision an Access Analyzer endpoint to the VPC"},"enable_acm_pca_endpoint":{"default":false,"description":"Should be true if you want to provision an ACM PCA endpoint to the VPC"},"enable_apigw_endpoint":{"default":false,"description":"Should be true if you want to provision an api gateway endpoint to the VPC"},"enable_appmesh_envoy_management_endpoint":{"default":false,"description":"Should be true if you want to provision a AppMesh endpoint to the VPC"},"enable_appstream_api_endpoint":{"default":false,"description":"Should be true if you want to provision a AppStream API endpoint to the VPC"},"enable_appstream_streaming_endpoint":{"default":false,"description":"Should be true if you want to provision a AppStream Streaming endpoint to the VPC"},"enable_athena_endpoint":{"default":false,"description":"Should be true if you want to provision a Athena endpoint to the VPC"},"enable_auto_scaling_plans_endpoint":{"default":false,"description":"Should be true if you want to provision an Auto Scaling Plans endpoint to the VPC"},"enable_classiclink":{"default":null,"description":"Should be true to enable ClassicLink for the VPC. Only valid in regions and accounts that support EC2 Classic."},"enable_classiclink_dns_support":{"default":null,"description":"Should be true to enable ClassicLink DNS Support for the VPC. Only valid in regions and accounts that support EC2 Classic."},"enable_cloud_directory_endpoint":{"default":false,"description":"Should be true if you want to provision an Cloud Directory endpoint to the VPC"},"enable_cloudformation_endpoint":{"default":false,"description":"Should be true if you want to provision a Cloudformation endpoint to the VPC"},"enable_cloudtrail_endpoint":{"default":false,"description":"Should be true if you want to provision a CloudTrail endpoint to the VPC"},"enable_codeartifact_api_endpoint":{"default":false,"description":"Should be true if you want to provision an Codeartifact API endpoint to the VPC"},"enable_codeartifact_repositories_endpoint":{"default":false,"description":"Should be true if you want to provision an Codeartifact repositories endpoint to the VPC"},"enable_codebuild_endpoint":{"default":false,"description":"Should be true if you want to provision an Codebuild endpoint to the VPC"},"enable_codecommit_endpoint":{"default":false,"description":"Should be true if you want to provision an Codecommit endpoint to the VPC"},"enable_codedeploy_commands_secure_endpoint":{"default":false,"description":"Should be true if you want to provision an CodeDeploy Commands Secure endpoint to the VPC"},"enable_codedeploy_endpoint":{"default":false,"description":"Should be true if you want to provision an CodeDeploy endpoint to the VPC"},"enable_codepipeline_endpoint":{"default":false,"description":"Should be true if you want to provision a CodePipeline endpoint to the VPC"},"enable_config_endpoint":{"default":false,"description":"Should be true if you want to provision an config endpoint to the VPC"},"enable_datasync_endpoint":{"default":false,"description":"Should be true if you want to provision an Data Sync endpoint to the VPC"},"enable_dhcp_options":{"default":false,"description":"Should be true if you want to specify a DHCP options set with a custom domain name, DNS servers, NTP servers, netbios servers, and/or netbios server type"},"enable_dns_hostnames":{"default":false,"description":"Should be true to enable DNS hostnames in the VPC"},"enable_dns_support":{"default":true,"description":"Should be true to enable DNS support in the VPC"},"enable_dynamodb_endpoint":{"default":false,"description":"Should be true if you want to provision a DynamoDB endpoint to the VPC"},"enable_ebs_endpoint":{"default":false,"description":"Should be true if you want to provision an EBS endpoint to the VPC"},"enable_ec2_autoscaling_endpoint":{"default":false,"description":"Should be true if you want to provision an EC2 Autoscaling endpoint to the VPC"},"enable_ec2_endpoint":{"default":false,"description":"Should be true if you want to provision an EC2 endpoint to the VPC"},"enable_ec2messages_endpoint":{"default":false,"description":"Should be true if you want to provision an EC2MESSAGES endpoint to the VPC"},"enable_ecr_api_endpoint":{"default":false,"description":"Should be true if you want to provision an ecr api endpoint to the VPC"},"enable_ecr_dkr_endpoint":{"default":false,"description":"Should be true if you want to provision an ecr dkr endpoint to the VPC"},"enable_ecs_agent_endpoint":{"default":false,"description":"Should be true if you want to provision a ECS Agent endpoint to the VPC"},"enable_ecs_endpoint":{"default":false,"description":"Should be true if you want to provision a ECS endpoint to the VPC"},"enable_ecs_telemetry_endpoint":{"default":false,"description":"Should be true if you want to provision a ECS Telemetry endpoint to the VPC"},"enable_efs_endpoint":{"default":false,"description":"Should be true if you want to provision an EFS endpoint to the VPC"},"enable_elastic_inference_runtime_endpoint":{"default":false,"description":"Should be true if you want to provision an Elastic Inference Runtime endpoint to the VPC"},"enable_elasticbeanstalk_endpoint":{"default":false,"description":"Should be true if you want to provision a Elastic Beanstalk endpoint to the VPC"},"enable_elasticbeanstalk_health_endpoint":{"default":false,"description":"Should be true if you want to provision a Elastic Beanstalk Health endpoint to the VPC"},"enable_elasticloadbalancing_endpoint":{"default":false,"description":"Should be true if you want to provision a Elastic Load Balancing endpoint to the VPC"},"enable_emr_endpoint":{"default":false,"description":"Should be true if you want to provision an EMR endpoint to the VPC"},"enable_events_endpoint":{"default":false,"description":"Should be true if you want to provision a CloudWatch Events endpoint to the VPC"},"enable_flow_log":{"default":false,"description":"Whether or not to enable VPC Flow Logs"},"enable_git_codecommit_endpoint":{"default":false,"description":"Should be true if you want to provision an Git Codecommit endpoint to the VPC"},"enable_glue_endpoint":{"default":false,"description":"Should be true if you want to provision a Glue endpoint to the VPC"},"enable_ipv6":{"default":false,"description":"Requests an Amazon-provided IPv6 CIDR block with a /56 prefix length for the VPC. You cannot specify the range of IP addresses, or the size of the CIDR block."},"enable_kinesis_firehose_endpoint":{"default":false,"description":"Should be true if you want to provision a Kinesis Firehose endpoint to the VPC"},"enable_kinesis_streams_endpoint":{"default":false,"description":"Should be true if you want to provision a Kinesis Streams endpoint to the VPC"},"enable_kms_endpoint":{"default":false,"description":"Should be true if you want to provision a KMS endpoint to the VPC"},"enable_lambda_endpoint":{"default":false,"description":"Should be true if you want to provision a Lambda endpoint to the VPC"},"enable_logs_endpoint":{"default":false,"description":"Should be true if you want to provision a CloudWatch Logs endpoint to the VPC"},"enable_monitoring_endpoint":{"default":false,"description":"Should be true if you want to provision a CloudWatch Monitoring endpoint to the VPC"},"enable_nat_gateway":{"default":false,"description":"Should be true if you want to provision NAT Gateways for each of your private networks"},"enable_public_redshift":{"default":false,"description":"Controls if redshift should have public routing table"},"enable_public_s3_endpoint":{"default":true,"description":"Whether to enable S3 VPC Endpoint for public subnets"},"enable_qldb_session_endpoint":{"default":false,"description":"Should be true if you want to provision an QLDB Session endpoint to the VPC"},"enable_rds_endpoint":{"default":false,"description":"Should be true if you want to provision an RDS endpoint to the VPC"},"enable_rekognition_endpoint":{"default":false,"description":"Should be true if you want to provision a Rekognition endpoint to the VPC"},"enable_s3_endpoint":{"default":false,"description":"Should be true if you want to provision an S3 endpoint to the VPC"},"enable_sagemaker_api_endpoint":{"default":false,"description":"Should be true if you want to provision a SageMaker API endpoint to the VPC"},"enable_sagemaker_notebook_endpoint":{"default":false,"description":"Should be true if you want to provision a Sagemaker Notebook endpoint to the VPC"},"enable_sagemaker_runtime_endpoint":{"default":false,"description":"Should be true if you want to provision a SageMaker Runtime endpoint to the VPC"},"enable_secretsmanager_endpoint":{"default":false,"description":"Should be true if you want to provision an Secrets Manager endpoint to the VPC"},"enable_servicecatalog_endpoint":{"default":false,"description":"Should be true if you want to provision a Service Catalog endpoint to the VPC"},"enable_ses_endpoint":{"default":false,"description":"Should be true if you want to provision an SES endpoint to the VPC"},"enable_sms_endpoint":{"default":false,"description":"Should be true if you want to provision an SMS endpoint to the VPC"},"enable_sns_endpoint":{"default":false,"description":"Should be true if you want to provision a SNS endpoint to the VPC"},"enable_sqs_endpoint":{"default":false,"description":"Should be true if you want to provision an SQS endpoint to the VPC"},"enable_ssm_endpoint":{"default":false,"description":"Should be true if you want to provision an SSM endpoint to the VPC"},"enable_ssmmessages_endpoint":{"default":false,"description":"Should be true if you want to provision a SSMMESSAGES endpoint to the VPC"},"enable_states_endpoint":{"default":false,"description":"Should be true if you want to provision a Step Function endpoint to the VPC"},"enable_storagegateway_endpoint":{"default":false,"description":"Should be true if you want to provision a Storage Gateway endpoint to the VPC"},"enable_sts_endpoint":{"default":false,"description":"Should be true if you want to provision a STS endpoint to the VPC"},"enable_textract_endpoint":{"default":false,"description":"Should be true if you want to provision an Textract endpoint to the VPC"},"enable_transfer_endpoint":{"default":false,"description":"Should be true if you want to provision a Transfer endpoint to the VPC"},"enable_transferserver_endpoint":{"default":false,"description":"Should be true if you want to provision a Transfer Server endpoint to the VPC"},"enable_vpn_gateway":{"default":false,"description":"Should be true if you want to create a new VPN Gateway resource and attach it to the VPC"},"enable_workspaces_endpoint":{"default":false,"description":"Should be true if you want to provision an Workspaces endpoint to the VPC"},"events_endpoint_private_dns_enabled":{"default":false,"description":"Whether or not to associate a private hosted zone with the specified VPC for CloudWatch Events endpoint"},"events_endpoint_security_group_ids":{"default":[],"description":"The ID of one or more security groups to associate with the network interface for CloudWatch Events endpoint"},"events_endpoint_subnet_ids":{"default":[],"description":"The ID of one or more subnets in which to create a network interface for CloudWatch Events endpoint. Only a single subnet within an AZ is supported. If omitted, private subnets will be used."},"external_nat_ip_ids":{"default":[],"description":"List of EIP IDs to be assigned to the NAT Gateways (used in combination with reuse_nat_ips)"},"external_nat_ips":{"default":[],"description":"List of EIPs to be used for `nat_public_ips` output (used in combination with reuse_nat_ips and external_nat_ip_ids)"},"flow_log_cloudwatch_iam_role_arn":{"default":"","description":"The ARN for the IAM role that's used to post flow logs to a CloudWatch Logs log group. When flow_log_destination_arn is set to ARN of Cloudwatch Logs, this argument needs to be provided."},"flow_log_cloudwatch_log_group_kms_key_id":{"default":null,"description":"The ARN of the KMS Key to use when encrypting log data for VPC flow logs."},"flow_log_cloudwatch_log_group_name_prefix":{"default":"/aws/vpc-flow-log/","description":"Specifies the name prefix of CloudWatch Log Group for VPC flow logs."},"flow_log_cloudwatch_log_group_retention_in_days":{"default":null,"description":"Specifies the number of days you want to retain log events in the specified log group for VPC flow logs."},"flow_log_destination_arn":{"default":"","description":"The ARN of the CloudWatch log group or S3 bucket where VPC Flow Logs will be pushed. If this ARN is a S3 bucket the appropriate permissions need to be set on that bucket's policy. When create_flow_log_cloudwatch_log_group is set to false this argument must be provided."},"flow_log_destination_type":{"default":"cloud-watch-logs","description":"Type of flow log destination. Can be s3 or cloud-watch-logs."},"flow_log_log_format":{"default":null,"description":"The fields to include in the flow log record, in the order in which they should appear."},"flow_log_max_aggregation_interval":{"default":600,"description":"The maximum interval of time during which a flow of packets is captured and aggregated into a flow log record. Valid Values: `60` seconds or `600` seconds."},"flow_log_traffic_type":{"default":"ALL","description":"The type of traffic to capture. Valid values: ACCEPT, REJECT, ALL."},"git_codecommit_endpoint_private_dns_enabled":{"default":false,"description":"Whether or not to associate a private hosted zone with the specified VPC for Git Codecommit endpoint"},"git_codecommit_endpoint_security_group_ids":{"default":[],"description":"The ID of one or more security groups to associate with the network interface for Git Codecommit endpoint"},"git_codecommit_endpoint_subnet_ids":{"default":[],"description":"The ID of one or more subnets in which to create a network interface for Git Codecommit endpoint. Only a single subnet within an AZ is supported. If omitted, private subnets will be used."},"glue_endpoint_private_dns_enabled":{"default":false,"description":"Whether or not to associate a private hosted zone with the specified VPC for Glue endpoint"},"glue_endpoint_security_group_ids":{"default":[],"description":"The ID of one or more security groups to associate with the network interface for Glue endpoint"},"glue_endpoint_subnet_ids":{"default":[],"description":"The ID of one or more subnets in which to create a network interface for Glue endpoint. Only a single subnet within an AZ is supported. If omitted, private subnets will be used."},"igw_tags":{"default":{},"description":"Additional tags for the internet gateway"},"instance_tenancy":{"default":"default","description":"A tenancy option for instances launched into the VPC"},"intra_acl_tags":{"default":{},"description":"Additional tags for the intra subnets network ACL"},"intra_dedicated_network_acl":{"default":false,"description":"Whether to use dedicated network ACL (not default) and custom rules for intra subnets"},"intra_inbound_acl_rules":{"default":[{"cidr_block":"0.0.0.0/0","from_port":"0","protocol":"-1","rule_action":"allow","rule_number":"100","to_port":"0"}],"description":"Intra subnets inbound network ACLs"},"intra_outbound_acl_rules":{"default":[{"cidr_block":"0.0.0.0/0","from_port":"0","protocol":"-1","rule_action":"allow","rule_number":"100","to_port":"0"}],"description":"Intra subnets outbound network ACLs"},"intra_route_table_tags":{"default":{},"description":"Additional tags for the intra route tables"},"intra_subnet_assign_ipv6_address_on_creation":{"default":null,"description":"Assign IPv6 address on intra subnet, must be disabled to change IPv6 CIDRs. This is the IPv6 equivalent of map_public_ip_on_launch"},"intra_subnet_ipv6_prefixes":{"default":[],"description":"Assigns IPv6 intra subnet id based on the Amazon provided /56 prefix base 10 integer (0-256). Must be of equal length to the corresponding IPv4 subnet list"},"intra_subnet_suffix":{"default":"intra","description":"Suffix to append to intra subnets name"},"intra_subnet_tags":{"default":{},"description":"Additional tags for the intra subnets"},"intra_subnets":{"default":[],"description":"A list of intra subnets"},"kinesis_firehose_endpoint_private_dns_enabled":{"default":false,"description":"Whether or not to associate a private hosted zone with the specified VPC for Kinesis Firehose endpoint"},"kinesis_firehose_endpoint_security_group_ids":{"default":[],"description":"The ID of one or more security groups to associate with the network interface for Kinesis Firehose endpoint"},"kinesis_firehose_endpoint_subnet_ids":{"default":[],"description":"The ID of one or more subnets in which to create a network interface for Kinesis Firehose endpoint. Only a single subnet within an AZ is supported. If omitted, private subnets will be used."},"kinesis_streams_endpoint_private_dns_enabled":{"default":false,"description":"Whether or not to associate a private hosted zone with the specified VPC for Kinesis Streams endpoint"},"kinesis_streams_endpoint_security_group_ids":{"default":[],"description":"The ID of one or more security groups to associate with the network interface for Kinesis Streams endpoint"},"kinesis_streams_endpoint_subnet_ids":{"default":[],"description":"The ID of one or more subnets in which to create a network interface for Kinesis Streams endpoint. Only a single subnet within an AZ is supported. If omitted, private subnets will be used."},"kms_endpoint_private_dns_enabled":{"default":false,"description":"Whether or not to associate a private hosted zone with the specified VPC for KMS endpoint"},"kms_endpoint_security_group_ids":{"default":[],"description":"The ID of one or more security groups to associate with the network interface for KMS endpoint"},"kms_endpoint_subnet_ids":{"default":[],"description":"The ID of one or more subnets in which to create a network interface for KMS endpoint. Only a single subnet within an AZ is supported. If omitted, private subnets will be used."},"lambda_endpoint_private_dns_enabled":{"default":false,"description":"Whether or not to associate a private hosted zone with the specified VPC for Lambda endpoint"},"lambda_endpoint_security_group_ids":{"default":[],"description":"The ID of one or more security groups to associate with the network interface for Lambda endpoint"},"lambda_endpoint_subnet_ids":{"default":[],"description":"The ID of one or more subnets in which to create a network interface for Lambda endpoint. Only a single subnet within an AZ is supported. If omitted, private subnets will be used."},"logs_endpoint_private_dns_enabled":{"default":false,"description":"Whether or not to associate a private hosted zone with the specified VPC for CloudWatch Logs endpoint"},"logs_endpoint_security_group_ids":{"default":[],"description":"The ID of one or more security groups to associate with the network interface for CloudWatch Logs endpoint"},"logs_endpoint_subnet_ids":{"default":[],"description":"The ID of one or more subnets in which to create a network interface for CloudWatch Logs endpoint. Only a single subnet within an AZ is supported. If omitted, private subnets will be used."},"manage_default_network_acl":{"default":false,"description":"Should be true to adopt and manage Default Network ACL"},"manage_default_security_group":{"default":false,"description":"Should be true to adopt and manage default security group"},"manage_default_vpc":{"default":false,"description":"Should be true to adopt and manage Default VPC"},"map_public_ip_on_launch":{"default":true,"description":"Should be false if you do not want to auto-assign public IP on launch"},"monitoring_endpoint_private_dns_enabled":{"default":false,"description":"Whether or not to associate a private hosted zone with the specified VPC for CloudWatch Monitoring endpoint"},"monitoring_endpoint_security_group_ids":{"default":[],"description":"The ID of one or more security groups to associate with the network interface for CloudWatch Monitoring endpoint"},"monitoring_endpoint_subnet_ids":{"default":[],"description":"The ID of one or more subnets in which to create a network interface for CloudWatch Monitoring endpoint. Only a single subnet within an AZ is supported. If omitted, private subnets will be used."},"name":{"default":"","description":"Name to be used on all the resources as identifier"},"nat_eip_tags":{"default":{},"description":"Additional tags for the NAT EIP"},"nat_gateway_tags":{"default":{},"description":"Additional tags for the NAT gateways"},"one_nat_gateway_per_az":{"default":false,"description":"Should be true if you want only one NAT Gateway per availability zone. Requires `var.azs` to be set, and the number of `public_subnets` created to be greater than or equal to the number of availability zones specified in `var.azs`."},"private_acl_tags":{"default":{},"description":"Additional tags for the private subnets network ACL"},"private_dedicated_network_acl":{"default":false,"description":"Whether to use dedicated network ACL (not default) and custom rules for private subnets"},"private_inbound_acl_rules":{"default":[{"cidr_block":"0.0.0.0/0","from_port":"0","protocol":"-1","rule_action":"allow","rule_number":"100","to_port":"0"}],"description":"Private subnets inbound network ACLs"},"private_outbound_acl_rules":{"default":[{"cidr_block":"0.0.0.0/0","from_port":"0","protocol":"-1","rule_action":"allow","rule_number":"100","to_port":"0"}],"description":"Private subnets outbound network ACLs"},"private_route_table_tags":{"default":{},"description":"Additional tags for the private route tables"},"private_subnet_assign_ipv6_address_on_creation":{"default":null,"description":"Assign IPv6 address on private subnet, must be disabled to change IPv6 CIDRs. This is the IPv6 equivalent of map_public_ip_on_launch"},"private_subnet_ipv6_prefixes":{"default":[],"description":"Assigns IPv6 private subnet id based on the Amazon provided /56 prefix base 10 integer (0-256). Must be of equal length to the corresponding IPv4 subnet list"},"private_subnet_suffix":{"default":"private","description":"Suffix to append to private subnets name"},"private_subnet_tags":{"default":{},"description":"Additional tags for the private subnets"},"private_subnets":{"default":[],"description":"A list of private subnets inside the VPC"},"propagate_intra_route_tables_vgw":{"default":false,"description":"Should be true if you want route table propagation"},"propagate_private_route_tables_vgw":{"default":false,"description":"Should be true if you want route table propagation"},"propagate_public_route_tables_vgw":{"default":false,"description":"Should be true if you want route table propagation"},"public_acl_tags":{"default":{},"description":"Additional tags for the public subnets network ACL"},"public_dedicated_network_acl":{"default":false,"description":"Whether to use dedicated network ACL (not default) and custom rules for public subnets"},"public_inbound_acl_rules":{"default":[{"cidr_block":"0.0.0.0/0","from_port":"0","protocol":"-1","rule_action":"allow","rule_number":"100","to_port":"0"}],"description":"Public subnets inbound network ACLs"},"public_outbound_acl_rules":{"default":[{"cidr_block":"0.0.0.0/0","from_port":"0","protocol":"-1","rule_action":"allow","rule_number":"100","to_port":"0"}],"description":"Public subnets outbound network ACLs"},"public_route_table_tags":{"default":{},"description":"Additional tags for the public route tables"},"public_subnet_assign_ipv6_address_on_creation":{"default":null,"description":"Assign IPv6 address on public subnet, must be disabled to change IPv6 CIDRs. This is the IPv6 equivalent of map_public_ip_on_launch"},"public_subnet_ipv6_prefixes":{"default":[],"description":"Assigns IPv6 public subnet id based on the Amazon provided /56 prefix base 10 integer (0-256). Must be of equal length to the corresponding IPv4 subnet list"},"public_subnet_suffix":{"default":"public","description":"Suffix to append to public subnets name"},"public_subnet_tags":{"default":{},"description":"Additional tags for the public subnets"},"public_subnets":{"default":[],"description":"A list of public subnets inside the VPC"},"qldb_session_endpoint_private_dns_enabled":{"default":false,"description":"Whether or not to associate a private hosted zone with the specified VPC for QLDB Session endpoint"},"qldb_session_endpoint_security_group_ids":{"default":[],"description":"The ID of one or more security groups to associate with the network interface for QLDB Session endpoint"},"qldb_session_endpoint_subnet_ids":{"default":[],"description":"The ID of one or more subnets in which to create a network interface for QLDB Session endpoint. Only a single subnet within an AZ is supported. Ifomitted, private subnets will be used."},"rds_endpoint_private_dns_enabled":{"default":false,"description":"Whether or not to associate a private hosted zone with the specified VPC for RDS endpoint"},"rds_endpoint_security_group_ids":{"default":[],"description":"The ID of one or more security groups to associate with the network interface for RDS endpoint"},"rds_endpoint_subnet_ids":{"default":[],"description":"The ID of one or more subnets in which to create a network interface for RDS endpoint. Only a single subnet within an AZ is supported. If omitted, private subnets will be used."},"redshift_acl_tags":{"default":{},"description":"Additional tags for the redshift subnets network ACL"},"redshift_dedicated_network_acl":{"default":false,"description":"Whether to use dedicated network ACL (not default) and custom rules for redshift subnets"},"redshift_inbound_acl_rules":{"default":[{"cidr_block":"0.0.0.0/0","from_port":"0","protocol":"-1","rule_action":"allow","rule_number":"100","to_port":"0"}],"description":"Redshift subnets inbound network ACL rules"},"redshift_outbound_acl_rules":{"default":[{"cidr_block":"0.0.0.0/0","from_port":"0","protocol":"-1","rule_action":"allow","rule_number":"100","to_port":"0"}],"description":"Redshift subnets outbound network ACL rules"},"redshift_route_table_tags":{"default":{},"description":"Additional tags for the redshift route tables"},"redshift_subnet_assign_ipv6_address_on_creation":{"default":null,"description":"Assign IPv6 address on redshift subnet, must be disabled to change IPv6 CIDRs. This is the IPv6 equivalent of map_public_ip_on_launch"},"redshift_subnet_group_tags":{"default":{},"description":"Additional tags for the redshift subnet group"},"redshift_subnet_ipv6_prefixes":{"default":[],"description":"Assigns IPv6 redshift subnet id based on the Amazon provided /56 prefix base 10 integer (0-256). Must be of equal length to the corresponding IPv4 subnet list"},"redshift_subnet_suffix":{"default":"redshift","description":"Suffix to append to redshift subnets name"},"redshift_subnet_tags":{"default":{},"description":"Additional tags for the redshift subnets"},"redshift_subnets":{"default":[],"description":"A list of redshift subnets"},"rekognition_endpoint_private_dns_enabled":{"default":false,"description":"Whether or not to associate a private hosted zone with the specified VPC for Rekognition endpoint"},"rekognition_endpoint_security_group_ids":{"default":[],"description":"The ID of one or more security groups to associate with the network interface for Rekognition endpoint"},"rekognition_endpoint_subnet_ids":{"default":[],"description":"The ID of one or more subnets in which to create a network interface for Rekognition endpoint. Only a single subnet within an AZ is supported. If omitted, private subnets will be used."},"reuse_nat_ips":{"default":false,"description":"Should be true if you don't want EIPs to be created for your NAT Gateways and will instead pass them in via the 'external_nat_ip_ids' variable"},"sagemaker_api_endpoint_private_dns_enabled":{"default":false,"description":"Whether or not to associate a private hosted zone with the specified VPC for SageMaker API endpoint"},"sagemaker_api_endpoint_security_group_ids":{"default":[],"description":"The ID of one or more security groups to associate with the network interface for SageMaker API endpoint"},"sagemaker_api_endpoint_subnet_ids":{"default":[],"description":"The ID of one or more subnets in which to create a network interface for SageMaker API endpoint. Only a single subnet within an AZ is supported. If omitted, private subnets will be used."},"sagemaker_notebook_endpoint_private_dns_enabled":{"default":false,"description":"Whether or not to associate a private hosted zone with the specified VPC for Sagemaker Notebook endpoint"},"sagemaker_notebook_endpoint_region":{"default":"","description":"Region to use for Sagemaker Notebook endpoint"},"sagemaker_notebook_endpoint_security_group_ids":{"default":[],"description":"The ID of one or more security groups to associate with the network interface for Sagemaker Notebook endpoint"},"sagemaker_notebook_endpoint_subnet_ids":{"default":[],"description":"The ID of one or more subnets in which to create a network interface for Sagemaker Notebook endpoint. Only a single subnet within an AZ is supported. If omitted, private subnets will be used."},"sagemaker_runtime_endpoint_private_dns_enabled":{"default":false,"description":"Whether or not to associate a private hosted zone with the specified VPC for SageMaker Runtime endpoint"},"sagemaker_runtime_endpoint_security_group_ids":{"default":[],"description":"The ID of one or more security groups to associate with the network interface for SageMaker Runtime endpoint"},"sagemaker_runtime_endpoint_subnet_ids":{"default":[],"description":"The ID of one or more subnets in which to create a network interface for SageMaker Runtime endpoint. Only a single subnet within an AZ is supported. If omitted, private subnets will be used."},"secondary_cidr_blocks":{"default":[],"description":"List of secondary CIDR blocks to associate with the VPC to extend the IP Address pool"},"secretsmanager_endpoint_private_dns_enabled":{"default":false,"description":"Whether or not to associate a private hosted zone with the specified VPC for Secrets Manager endpoint"},"secretsmanager_endpoint_security_group_ids":{"default":[],"description":"The ID of one or more security groups to associate with the network interface for Secrets Manager endpoint"},"secretsmanager_endpoint_subnet_ids":{"default":[],"description":"The ID of one or more subnets in which to create a network interface for Secrets Manager endpoint. Only a single subnet within an AZ is supported. If omitted, private subnets will be used."},"servicecatalog_endpoint_private_dns_enabled":{"default":false,"description":"Whether or not to associate a private hosted zone with the specified VPC for Service Catalog endpoint"},"servicecatalog_endpoint_security_group_ids":{"default":[],"description":"The ID of one or more security groups to associate with the network interface for Service Catalog endpoint"},"servicecatalog_endpoint_subnet_ids":{"default":[],"description":"The ID of one or more subnets in which to create a network interface for Service Catalog endpoint. Only a single subnet within an AZ is supported. If omitted, private subnets will be used."},"ses_endpoint_private_dns_enabled":{"default":false,"description":"Whether or not to associate a private hosted zone with the specified VPC for SES endpoint"},"ses_endpoint_security_group_ids":{"default":[],"description":"The ID of one or more security groups to associate with the network interface for SES endpoint"},"ses_endpoint_subnet_ids":{"default":[],"description":"The ID of one or more subnets in which to create a network interface for SES endpoint. Only a single subnet within an AZ is supported. If omitted, private subnets will be used."},"single_nat_gateway":{"default":false,"description":"Should be true if you want to provision a single shared NAT Gateway across all of your private networks"},"sms_endpoint_private_dns_enabled":{"default":false,"description":"Whether or not to associate a private hosted zone with the specified VPC for SMS endpoint"},"sms_endpoint_security_group_ids":{"default":[],"description":"The ID of one or more security groups to associate with the network interface for SMS endpoint"},"sms_endpoint_subnet_ids":{"default":[],"description":"The ID of one or more subnets in which to create a network interface for SMS endpoint. Only a single subnet within an AZ is supported. Ifomitted, private subnets will be used."},"sns_endpoint_private_dns_enabled":{"default":false,"description":"Whether or not to associate a private hosted zone with the specified VPC for SNS endpoint"},"sns_endpoint_security_group_ids":{"default":[],"description":"The ID of one or more security groups to associate with the network interface for SNS endpoint"},"sns_endpoint_subnet_ids":{"default":[],"description":"The ID of one or more subnets in which to create a network interface for SNS endpoint. Only a single subnet within an AZ is supported. If omitted, private subnets will be used."},"sqs_endpoint_private_dns_enabled":{"default":false,"description":"Whether or not to associate a private hosted zone with the specified VPC for SQS endpoint"},"sqs_endpoint_security_group_ids":{"default":[],"description":"The ID of one or more security groups to associate with the network interface for SQS endpoint"},"sqs_endpoint_subnet_ids":{"default":[],"description":"The ID of one or more subnets in which to create a network interface for SQS endpoint. Only a single subnet within an AZ is supported. If omitted, private subnets will be used."},"ssm_endpoint_private_dns_enabled":{"default":false,"description":"Whether or not to associate a private hosted zone with the specified VPC for SSM endpoint"},"ssm_endpoint_security_group_ids":{"default":[],"description":"The ID of one or more security groups to associate with the network interface for SSM endpoint"},"ssm_endpoint_subnet_ids":{"default":[],"description":"The ID of one or more subnets in which to create a network interface for SSM endpoint. Only a single subnet within an AZ is supported. If omitted, private subnets will be used."},"ssmmessages_endpoint_private_dns_enabled":{"default":false,"description":"Whether or not to associate a private hosted zone with the specified VPC for SSMMESSAGES endpoint"},"ssmmessages_endpoint_security_group_ids":{"default":[],"description":"The ID of one or more security groups to associate with the network interface for SSMMESSAGES endpoint"},"ssmmessages_endpoint_subnet_ids":{"default":[],"description":"The ID of one or more subnets in which to create a network interface for SSMMESSAGES endpoint. Only a single subnet within an AZ is supported. If omitted, private subnets will be used."},"states_endpoint_private_dns_enabled":{"default":false,"description":"Whether or not to associate a private hosted zone with the specified VPC for Step Function endpoint"},"states_endpoint_security_group_ids":{"default":[],"description":"The ID of one or more security groups to associate with the network interface for Step Function endpoint"},"states_endpoint_subnet_ids":{"default":[],"description":"The ID of one or more subnets in which to create a network interface for Step Function endpoint. Only a single subnet within an AZ is supported. If omitted, private subnets will be used."},"storagegateway_endpoint_private_dns_enabled":{"default":false,"description":"Whether or not to associate a private hosted zone with the specified VPC for Storage Gateway endpoint"},"storagegateway_endpoint_security_group_ids":{"default":[],"description":"The ID of one or more security groups to associate with the network interface for Storage Gateway endpoint"},"storagegateway_endpoint_subnet_ids":{"default":[],"description":"The ID of one or more subnets in which to create a network interface for Storage Gateway endpoint. Only a single subnet within an AZ is supported. If omitted, private subnets will be used."},"sts_endpoint_private_dns_enabled":{"default":false,"description":"Whether or not to associate a private hosted zone with the specified VPC for STS endpoint"},"sts_endpoint_security_group_ids":{"default":[],"description":"The ID of one or more security groups to associate with the network interface for STS endpoint"},"sts_endpoint_subnet_ids":{"default":[],"description":"The ID of one or more subnets in which to create a network interface for STS endpoint. Only a single subnet within an AZ is supported. If omitted, private subnets will be used."},"tags":{"default":{},"description":"A map of tags to add to all resources"},"textract_endpoint_private_dns_enabled":{"default":false,"description":"Whether or not to associate a private hosted zone with the specified VPC for Textract endpoint"},"textract_endpoint_security_group_ids":{"default":[],"description":"The ID of one or more security groups to associate with the network interface for Textract endpoint"},"textract_endpoint_subnet_ids":{"default":[],"description":"The ID of one or more subnets in which to create a network interface for Textract endpoint. Only a single subnet within an AZ is supported. If omitted, private subnets will be used."},"transfer_endpoint_private_dns_enabled":{"default":false,"description":"Whether or not to associate a private hosted zone with the specified VPC for Transfer endpoint"},"transfer_endpoint_security_group_ids":{"default":[],"description":"The ID of one or more security groups to associate with the network interface for Transfer endpoint"},"transfer_endpoint_subnet_ids":{"default":[],"description":"The ID of one or more subnets in which to create a network interface for Transfer endpoint. Only a single subnet within an AZ is supported. If omitted, private subnets will be used."},"transferserver_endpoint_private_dns_enabled":{"default":false,"description":"Whether or not to associate a private hosted zone with the specified VPC for Transfer Server endpoint"},"transferserver_endpoint_security_group_ids":{"default":[],"description":"The ID of one or more security groups to associate with the network interface for Transfer Server endpoint"},"transferserver_endpoint_subnet_ids":{"default":[],"description":"The ID of one or more subnets in which to create a network interface for Transfer Server endpoint. Only a single subnet within an AZ is supported. If omitted, private subnets will be used."},"vpc_endpoint_tags":{"default":{},"description":"Additional tags for the VPC Endpoints"},"vpc_flow_log_tags":{"default":{},"description":"Additional tags for the VPC Flow Logs"},"vpc_tags":{"default":{},"description":"Additional tags for the VPC"},"vpn_gateway_az":{"default":null,"description":"The Availability Zone for the VPN Gateway"},"vpn_gateway_id":{"default":"","description":"ID of VPN Gateway to attach to the VPC"},"vpn_gateway_tags":{"default":{},"description":"Additional tags for the VPN gateway"},"workspaces_endpoint_private_dns_enabled":{"default":false,"description":"Whether or not to associate a private hosted zone with the specified VPC for Workspaces endpoint"},"workspaces_endpoint_security_group_ids":{"default":[],"description":"The ID of one or more security groups to associate with the network interface for Workspaces endpoint"},"workspaces_endpoint_subnet_ids":{"default":[],"description":"The ID of one or more subnets in which to create a network interface for Workspaces endpoint. Only a single subnet within an AZ is supported. Ifomitted, private subnets will be used."}}},"version_constraint":"v2.64.0","raw_data":{"FileName":".terraform/modules/atlantis/main.tf","StartLine":165,"EndLine":182}}},"variables":{"acm_certificate_domain_name":{"default":"","description":"Route53 domain name to use for ACM certificate. Route53 zone for this domain should be created in advance. Specify if it is different from value in `route53_zone_name`"},"alb_authenticate_cognito":{"default":{},"description":"Map of AWS Cognito authentication parameters to protect ALB (eg, using SAML). See https://www.terraform.io/docs/providers/aws/r/lb_listener.html#authenticate-cognito-action"},"alb_authenticate_oidc":{"default":{},"description":"Map of Authenticate OIDC parameters to protect ALB (eg, using Auth0). See https://www.terraform.io/docs/providers/aws/r/lb_listener.html#authenticate-oidc-action"},"alb_http_security_group_tags":{"default":{},"description":"Additional tags to put on the http security group"},"alb_https_security_group_tags":{"default":{},"description":"Additional tags to put on the https security group"},"alb_ingress_cidr_blocks":{"default":["0.0.0.0/0"],"description":"List of IPv4 CIDR ranges to use on all ingress rules of the ALB."},"alb_listener_ssl_policy_default":{"default":"ELBSecurityPolicy-2016-08","description":"The security policy if using HTTPS externally on the load balancer. [See](https://docs.aws.amazon.com/elasticloadbalancing/latest/application/create-https-listener.html)."},"alb_log_bucket_name":{"default":"","description":"S3 bucket (externally created) for storing load balancer access logs. Required if alb_logging_enabled is true."},"alb_log_location_prefix":{"default":"","description":"S3 prefix within the log_bucket_name under which logs are stored."},"alb_logging_enabled":{"default":false,"description":"Controls if the ALB will log requests to S3."},"allow_github_webhooks":{"default":false,"description":"Whether to allow access for GitHub webhooks"},"allow_repo_config":{"default":"false","description":"When true allows the use of atlantis.yaml config files within the source repos."},"allow_unauthenticated_access":{"default":false,"description":"Whether to create ALB listener rule to allow unauthenticated access for certain CIDR blocks (eg. allow GitHub webhooks to bypass OIDC authentication)"},"allow_unauthenticated_access_priority":{"default":10,"description":"ALB listener rule priority for allow unauthenticated access rule"},"atlantis_allowed_repo_names":{"default":[],"description":"Git repositories where webhook should be created"},"atlantis_bitbucket_base_url":{"default":"","description":"Base URL of Bitbucket Server, use for Bitbucket on prem (Stash)"},"atlantis_bitbucket_user":{"default":"","description":"Bitbucket username that is running the Atlantis command"},"atlantis_bitbucket_user_token":{"default":"","description":"Bitbucket token of the user that is running the Atlantis command"},"atlantis_bitbucket_user_token_ssm_parameter_name":{"default":"/atlantis/bitbucket/user/token","description":"Name of SSM parameter to keep atlantis_bitbucket_user_token"},"atlantis_fqdn":{"default":null,"description":"FQDN of Atlantis to use. Set this only to override Route53 and ALB's DNS name."},"atlantis_github_user":{"default":"","description":"GitHub username that is running the Atlantis command"},"atlantis_github_user_token":{"default":"","description":"GitHub token of the user that is running the Atlantis command"},"atlantis_github_user_token_ssm_parameter_name":{"default":"/atlantis/github/user/token","description":"Name of SSM parameter to keep atlantis_github_user_token"},"atlantis_github_webhook_secret":{"default":"","description":"GitHub webhook secret of an app that is running the Atlantis command"},"atlantis_gitlab_hostname":{"default":"gitlab.com","description":"Gitlab server hostname, defaults to gitlab.com"},"atlantis_gitlab_user":{"default":"","description":"Gitlab username that is running the Atlantis command"},"atlantis_gitlab_user_token":{"default":"","description":"Gitlab token of the user that is running the Atlantis command"},"atlantis_gitlab_user_token_ssm_parameter_name":{"default":"/atlantis/gitlab/user/token","description":"Name of SSM parameter to keep atlantis_gitlab_user_token"},"atlantis_hide_prev_plan_comments":{"default":"false","description":"Enables atlantis server --hide-prev-plan-comments hiding previous plan comments on update"},"atlantis_image":{"default":"","description":"Docker image to run Atlantis with. If not specified, official Atlantis image will be used"},"atlantis_log_level":{"default":"debug","description":"Log level that Atlantis will run with. Accepted values are: \u003cdebug|info|warn|error\u003e"},"atlantis_port":{"default":4141,"description":"Local port Atlantis should be running on. Default value is most likely fine."},"atlantis_repo_whitelist":{"description":"List of allowed repositories Atlantis can be used with"},"atlantis_security_group_tags":{"default":{},"description":"Additional tags to put on the atlantis security group"},"atlantis_version":{"default":"latest","description":"Verion of Atlantis to run. If not specified latest will be used"},"azs":{"default":[],"description":"A list of availability zones in the region"},"certificate_arn":{"default":"","description":"ARN of certificate issued by AWS ACM. If empty, a new ACM certificate will be created and validated using Route53 DNS"},"cidr":{"default":"","description":"The CIDR block for the VPC which will be created if `vpc_id` is not specified"},"cloudwatch_log_retention_in_days":{"default":7,"description":"Retention period of Atlantis CloudWatch logs"},"command":{"default":null,"description":"The command that is passed to the container"},"container_depends_on":{"default":null,"description":"The dependencies defined for container startup and shutdown. A container can contain multiple dependencies. When a dependency is defined for container startup, for container shutdown it is reversed. The condition can be one of START, COMPLETE, SUCCESS or HEALTHY"},"container_memory_reservation":{"default":128,"description":"The amount of memory (in MiB) to reserve for the container"},"create_route53_record":{"default":true,"description":"Whether to create Route53 record for Atlantis"},"custom_container_definitions":{"default":"","description":"A list of valid container definitions provided as a single valid JSON document. By default, the standard container definition is used."},"custom_environment_secrets":{"default":[],"description":"List of additional secrets the container will use (list should contain maps with `name` and `valueFrom`)"},"custom_environment_variables":{"default":[],"description":"List of additional environment variables the container will use (list should contain maps with `name` and `value`)"},"docker_labels":{"default":null,"description":"The configuration options to send to the `docker_labels`"},"ecs_container_insights":{"default":false,"description":"Controls if ECS Cluster has container insights enabled"},"ecs_fargate_spot":{"default":false,"description":"Whether to run ECS Fargate Spot or not"},"ecs_service_assign_public_ip":{"default":false,"description":"Should be true, if ECS service is using public subnets (more info: https://docs.aws.amazon.com/AmazonECS/latest/developerguide/task_cannot_pull_image.html)"},"ecs_service_deployment_maximum_percent":{"default":200,"description":"The upper limit (as a percentage of the service's desiredCount) of the number of running tasks that can be running in a service during a deployment"},"ecs_service_deployment_minimum_healthy_percent":{"default":50,"description":"The lower limit (as a percentage of the service's desiredCount) of the number of running tasks that must remain running and healthy in a service during a deployment"},"ecs_service_desired_count":{"default":1,"description":"The number of instances of the task definition to place and keep running"},"ecs_service_platform_version":{"default":"LATEST","description":"The platform version on which to run your service"},"ecs_task_cpu":{"default":256,"description":"The number of cpu units used by the task"},"ecs_task_memory":{"default":512,"description":"The amount (in MiB) of memory used by the task"},"entrypoint":{"default":null,"description":"The entry point that is passed to the container"},"essential":{"default":true,"description":"Determines whether all other containers in a task are stopped, if this container fails or stops for any reason. Due to how Terraform type casts booleans in json it is required to double quote this value"},"extra_container_definitions":{"default":[],"description":"A list of valid container definitions provided as a single valid JSON document. These will be provided as supplimentary to the main Atlantis container definition"},"firelens_configuration":{"default":null,"description":"The FireLens configuration for the container. This is used to specify and configure a log router for container logs. For more details, see https://docs.aws.amazon.com/AmazonECS/latest/APIReference/API_FirelensConfiguration.html"},"github_webhooks_cidr_blocks":{"default":["140.82.112.0/20","185.199.108.0/22","192.30.252.0/22"],"description":"List of CIDR blocks used by GitHub webhooks"},"internal":{"default":false,"description":"Whether the load balancer is internal or external"},"mount_points":{"default":[],"description":"Container mount points. This is a list of maps, where each map should contain a `containerPath` and `sourceVolume`. The `readOnly` key is optional."},"name":{"default":"atlantis","description":"Name to use on all resources created (VPC, ALB, etc)"},"permissions_boundary":{"default":null,"description":"If provided, all IAM roles will be created with this permissions boundary attached."},"policies_arn":{"default":["arn:aws:iam::aws:policy/service-role/AmazonECSTaskExecutionRolePolicy"],"description":"A list of the ARN of the policies you want to apply"},"private_subnet_ids":{"default":[],"description":"A list of IDs of existing private subnets inside the VPC"},"private_subnets":{"default":[],"description":"A list of private subnets inside the VPC"},"public_subnet_ids":{"default":[],"description":"A list of IDs of existing public subnets inside the VPC"},"public_subnets":{"default":[],"description":"A list of public subnets inside the VPC"},"readonly_root_filesystem":{"default":false,"description":"Determines whether a container is given read-only access to its root filesystem. Due to how Terraform type casts booleans in json it is required to double quote this value"},"repository_credentials":{"default":null,"description":"Container repository credentials; required when using a private repo.  This map currently supports a single key; \"credentialsParameter\", which should be the ARN of a Secrets Manager's secret holding the credentials"},"route53_record_name":{"default":null,"description":"Name of Route53 record to create ACM certificate in and main A-record. If null is specified, var.name is used instead. Provide empty string to point root domain name to ALB."},"route53_zone_name":{"default":"","description":"Route53 zone name to create ACM certificate in and main A-record, without trailing dot"},"security_group_ids":{"default":[],"description":"List of one or more security groups to be added to the load balancer"},"ssm_kms_key_arn":{"default":"","description":"ARN of KMS key to use for encryption and decryption of SSM Parameters. Required only if your key uses a custom KMS key and not the default key"},"start_timeout":{"default":30,"description":"Time duration (in seconds) to wait before giving up on resolving dependencies for a container"},"stop_timeout":{"default":30,"description":"Time duration (in seconds) to wait before the container is forcefully killed if it doesn't exit normally on its own"},"tags":{"default":{},"description":"A map of tags to use on all resources"},"trusted_principals":{"default":[],"description":"A list of principals, in addition to ecs-tasks.amazonaws.com, that can assume the task role"},"ulimits":{"default":null,"description":"Container ulimit settings. This is a list of maps, where each map should contain \"name\", \"hardLimit\" and \"softLimit\""},"user":{"default":null,"description":"The user to run as inside the container. Can be any of these formats: user, user:group, uid, uid:gid, user:gid, uid:group. The default (null) will use the container's configured `USER` directive or root if not set."},"volumes_from":{"default":[],"description":"A list of VolumesFrom maps which contain \"sourceContainer\" (name of the container that has the volumes to mount) and \"readOnly\" (whether the container can write to the volume)"},"vpc_id":{"default":"","description":"ID of an existing VPC where resources will be created"},"webhook_ssm_parameter_name":{"default":"/atlantis/webhook/secret","description":"Name of SSM parameter to keep webhook secret"},"whitelist_unauthenticated_cidr_blocks":{"default":[],"description":"List of allowed CIDR blocks to bypass authentication"},"working_directory":{"default":null,"description":"The working directory to run commands inside the container"}}},"version_constraint":"~\u003e 2.0","raw_data":{"FileName":"main.tf","StartLine":13,"EndLine":33}}}}}}
