{"format_version":"0.1","terraform_version":"0.12.29","planned_values":{"root_module":{"child_modules":[{"resources":[{"address":"module.test_module.aws_iam_role.firehose_role","mode":"managed","type":"aws_iam_role","name":"firehose_role","provider_name":"aws","schema_version":0,"values":{"assume_role_policy":"{\n  \"Version\": \"2012-10-17\",\n  \"Statement\": [\n    {\n      \"Action\": \"sts:AssumeRole\",\n      \"Principal\": {\n        \"Service\": \"firehose.amazonaws.com\"\n      },\n      \"Effect\": \"Allow\",\n      \"Sid\": \"\"\n    }\n  ]\n}\n","description":null,"force_detach_policies":false,"max_session_duration":3600,"name":"cloudrail-firehose-test-non-encrypted","name_prefix":null,"path":"/","permissions_boundary":null,"tags":null}},{"address":"module.test_module.aws_kinesis_firehose_delivery_stream.test","mode":"managed","type":"aws_kinesis_firehose_delivery_stream","name":"test","provider_name":"aws","schema_version":1,"values":{"destination":"extended_s3","elasticsearch_configuration":[],"extended_s3_configuration":[{"bucket_arn":"module.test_module.aws_s3_bucket.bucket.arn","buffer_interval":300,"buffer_size":5,"compression_format":"UNCOMPRESSED","data_format_conversion_configuration":[],"error_output_prefix":null,"kms_key_arn":null,"prefix":null,"processing_configuration":[],"role_arn":"module.test_module.aws_iam_role.firehose_role.arn","s3_backup_configuration":[],"s3_backup_mode":"Disabled"}],"kinesis_source_configuration":[],"name":"cloudrail-firehose-test-non-encrypted","redshift_configuration":[],"s3_configuration":[],"server_side_encryption":[],"splunk_configuration":[],"tags":null}},{"address":"module.test_module.aws_s3_bucket.bucket","mode":"managed","type":"aws_s3_bucket","name":"bucket","provider_name":"aws","schema_version":0,"values":{"acl":"private","bucket":"cloudrail-firehose-test-non-encrypted","bucket_prefix":null,"cors_rule":[],"force_destroy":false,"grant":[],"lifecycle_rule":[],"logging":[],"object_lock_configuration":[],"policy":null,"replication_configuration":[],"server_side_encryption_configuration":[],"tags":null,"website":[]}}],"address":"module.test_module"}]}},"resource_changes":[{"address":"module.test_module.aws_iam_role.firehose_role","module_address":"module.test_module","mode":"managed","type":"aws_iam_role","name":"firehose_role","provider_name":"aws","change":{"actions":["create"],"before":null,"after":{"assume_role_policy":"{\n  \"Version\": \"2012-10-17\",\n  \"Statement\": [\n    {\n      \"Action\": \"sts:AssumeRole\",\n      \"Principal\": {\n        \"Service\": \"firehose.amazonaws.com\"\n      },\n      \"Effect\": \"Allow\",\n      \"Sid\": \"\"\n    }\n  ]\n}\n","description":null,"force_detach_policies":false,"max_session_duration":3600,"name":"cloudrail-firehose-test-non-encrypted","name_prefix":null,"path":"/","permissions_boundary":null,"tags":null},"after_unknown":{"arn":true,"create_date":true,"id":true,"unique_id":true}}},{"address":"module.test_module.aws_kinesis_firehose_delivery_stream.test","module_address":"module.test_module","mode":"managed","type":"aws_kinesis_firehose_delivery_stream","name":"test","provider_name":"aws","change":{"actions":["create"],"before":null,"after":{"destination":"extended_s3","elasticsearch_configuration":[],"extended_s3_configuration":[{"bucket_arn":"module.test_module.aws_s3_bucket.bucket.arn","buffer_interval":300,"buffer_size":5,"compression_format":"UNCOMPRESSED","data_format_conversion_configuration":[],"error_output_prefix":null,"kms_key_arn":null,"prefix":null,"processing_configuration":[],"role_arn":"module.test_module.aws_iam_role.firehose_role.arn","s3_backup_configuration":[],"s3_backup_mode":"Disabled"}],"kinesis_source_configuration":[],"name":"cloudrail-firehose-test-non-encrypted","redshift_configuration":[],"s3_configuration":[],"server_side_encryption":[],"splunk_configuration":[],"tags":null},"after_unknown":{"arn":true,"destination_id":true,"elasticsearch_configuration":[],"extended_s3_configuration":[{"cloudwatch_logging_options":true,"data_format_conversion_configuration":[],"processing_configuration":[],"s3_backup_configuration":[]}],"id":true,"kinesis_source_configuration":[],"redshift_configuration":[],"s3_configuration":[],"server_side_encryption":[],"splunk_configuration":[],"version_id":true}}},{"address":"module.test_module.aws_s3_bucket.bucket","module_address":"module.test_module","mode":"managed","type":"aws_s3_bucket","name":"bucket","provider_name":"aws","change":{"actions":["create"],"before":null,"after":{"acl":"private","bucket":"cloudrail-firehose-test-non-encrypted","bucket_prefix":null,"cors_rule":[],"force_destroy":false,"grant":[],"lifecycle_rule":[],"logging":[],"object_lock_configuration":[],"policy":null,"replication_configuration":[],"server_side_encryption_configuration":[],"tags":null,"website":[]},"after_unknown":{"acceleration_status":true,"arn":true,"bucket_domain_name":true,"bucket_regional_domain_name":true,"cors_rule":[],"grant":[],"hosted_zone_id":true,"id":true,"lifecycle_rule":[],"logging":[],"object_lock_configuration":[],"region":true,"replication_configuration":[],"request_payer":true,"server_side_encryption_configuration":[],"versioning":true,"website":[],"website_domain":true,"website_endpoint":true}}}],"configuration":{"provider_config":{"aws":{"name":"aws","version_constraint":"2.70.0","expressions":{"region":{"constant_value":"us-east-1"}}},"test_module:aws":{"name":"aws","module_address":"test_module","expressions":{"region":{"constant_value":"us-east-1"}}}},"root_module":{"module_calls":{"test_module":{"source":"./kinesis_firehose_streams/not_encrypted","module":{"resources":[{"address":"aws_iam_role.firehose_role","mode":"managed","type":"aws_iam_role","name":"firehose_role","provider_config_key":"test_module:aws","expressions":{"assume_role_policy":{"constant_value":"{\n  \"Version\": \"2012-10-17\",\n  \"Statement\": [\n    {\n      \"Action\": \"sts:AssumeRole\",\n      \"Principal\": {\n        \"Service\": \"firehose.amazonaws.com\"\n      },\n      \"Effect\": \"Allow\",\n      \"Sid\": \"\"\n    }\n  ]\n}\n"},"name":{"references":["local.name"]}},"schema_version":0,"raw_data":{"FileName":"kinesis_firehose_streams/not_encrypted/main.tf","StartLine":9,"EndLine":27}},{"address":"aws_kinesis_firehose_delivery_stream.test","mode":"managed","type":"aws_kinesis_firehose_delivery_stream","name":"test","provider_config_key":"test_module:aws","expressions":{"destination":{"constant_value":"extended_s3"},"extended_s3_configuration":[{"bucket_arn":{"references":["aws_s3_bucket.bucket"]},"role_arn":{"references":["aws_iam_role.firehose_role"]}}],"name":{"references":["local.name"]}},"schema_version":1,"raw_data":{"FileName":"kinesis_firehose_streams/not_encrypted/main.tf","StartLine":34,"EndLine":42}},{"address":"aws_s3_bucket.bucket","mode":"managed","type":"aws_s3_bucket","name":"bucket","provider_config_key":"test_module:aws","expressions":{"acl":{"constant_value":"private"},"bucket":{"references":["local.name"]}},"schema_version":0,"raw_data":{"FileName":"kinesis_firehose_streams/not_encrypted/main.tf","StartLine":29,"EndLine":32}}]},"raw_data":{"FileName":"main.tf","StartLine":7,"EndLine":9}}}}}}
