{"format_version":"0.2","terraform_version":"1.0.3","planned_values":{"root_module":{"resources":[{"address":"google_compute_backend_service.backend_service","mode":"managed","type":"google_compute_backend_service","name":"backend_service","provider_name":"registry.terraform.io/hashicorp/google","schema_version":1,"values":{"affinity_cookie_ttl_sec":null,"backend":[],"circuit_breakers":[],"connection_draining_timeout_sec":300,"consistent_hash":[],"custom_request_headers":null,"custom_response_headers":null,"description":null,"enable_cdn":null,"iap":[],"load_balancing_scheme":"EXTERNAL","locality_lb_policy":null,"name":"backend-service","outlier_detection":[],"port_name":"http","protocol":"HTTP","security_policy":null,"timeout_sec":10,"timeouts":null},"sensitive_values":{"backend":[],"cdn_policy":[],"circuit_breakers":[],"consistent_hash":[],"health_checks":[],"iap":[],"log_config":[],"outlier_detection":[]}},{"address":"google_compute_http_health_check.health_check","mode":"managed","type":"google_compute_http_health_check","name":"health_check","provider_name":"registry.terraform.io/hashicorp/google","schema_version":0,"values":{"check_interval_sec":1,"description":null,"healthy_threshold":2,"host":null,"name":"http-health-check","port":80,"request_path":"/","timeout_sec":1,"timeouts":null,"unhealthy_threshold":2},"sensitive_values":{}},{"address":"google_compute_ssl_certificate.ssl_certificate","mode":"managed","type":"google_compute_ssl_certificate","name":"ssl_certificate","provider_name":"registry.terraform.io/hashicorp/google","schema_version":0,"values":{"certificate":"-----BEGIN CERTIFICATE-----\nMIIC5TCCAc2gAwIBAgIJAJUPcp9KMptyMA0GCSqGSIb3DQEBCwUAMBQxEjAQBgNV\nBAMMCWxvY2FsaG9zdDAeFw0yMTExMjQwOTA0MTRaFw0yMTEyMjQwOTA0MTRaMBQx\nEjAQBgNVBAMMCWxvY2FsaG9zdDCCASIwDQYJKoZIhvcNAQEBBQADggEPADCCAQoC\nggEBAMF1SgqfawxWYIzIVOM+MWdZsYtO/49XYoWr3CqEJOnb2QsLpPLDKypNrJa8\nrziNg7smwOIBjD1lm5QXntRAgj5U5sn76Dvky6oWO6r91li6Rc0fRWRAKj3lzPpP\nq5sFG35ID3ASflhrHAQ7vgtBobd0uuttCeIkyXUc95su6fPetgCloKRmA1/EX+xU\ncIg7wkimD/8kwFnVuOir2NHrcFyFIePAVDHC9vabjRwwxwKhYTkbzfp1MvmyRBM6\nvhsKKUEonTqUwLsfKXtsFAkRKnuD+9xZhBfZB30zphXYoE/SjSKQw71QaqGbOnsE\ncPbsyIX384IeCE1rgx3VHdp+DEkCAwEAAaM6MDgwFAYDVR0RBA0wC4IJbG9jYWxo\nb3N0MAsGA1UdDwQEAwIHgDATBgNVHSUEDDAKBggrBgEFBQcDATANBgkqhkiG9w0B\nAQsFAAOCAQEANv8nxGuCbI2oylpy1AFPth4Ogs0S6jDC0+9tYjNJLUlHA8/QUrHQ\n3Z9C5fWx4nbT+Y8lvQnsuOjxWiqjVF7VhrQea3ImSxmSsDFiCW69Yxm98noxjozk\nG/XwtAL8Ooyv2l7OvsMvEN+cU7JUmr1WNWvVWScTbiO0lWGmP6hz1mODeKq7HMU1\nayTuiZXNtJeb7pfAnMI3fGqpRnbztFgNgZSfX9FbMuLeQMoWwKUnvgr/gPWn+zj+\n+HfgDTkj5LXnRuFUz0D+RnNgvetxaTg6NDgLRP6k2czkPSBQO3bP9Beg46YmlWtv\nwA7t2CLGtZ4ZpZpAzSy5KaEeciYshBZT/A==\n-----END CERTIFICATE-----\n","description":null,"name":"my-certificate","private_key":"-----BEGIN PRIVATE KEY-----\nMIIEvgIBADANBgkqhkiG9w0BAQEFAASCBKgwggSkAgEAAoIBAQDBdUoKn2sMVmCM\nyFTjPjFnWbGLTv+PV2KFq9wqhCTp29kLC6TywysqTayWvK84jYO7JsDiAYw9ZZuU\nF57UQII+VObJ++g75MuqFjuq/dZYukXNH0VkQCo95cz6T6ubBRt+SA9wEn5YaxwE\nO74LQaG3dLrrbQniJMl1HPebLunz3rYApaCkZgNfxF/sVHCIO8JIpg//JMBZ1bjo\nq9jR63BchSHjwFQxwvb2m40cMMcCoWE5G836dTL5skQTOr4bCilBKJ06lMC7Hyl7\nbBQJESp7g/vcWYQX2Qd9M6YV2KBP0o0ikMO9UGqhmzp7BHD27MiF9/OCHghNa4Md\n1R3afgxJAgMBAAECggEAEgn8yHbLBZB8WkRH3hSriKaNbp8EJ3qPfkVjNzexNXlB\niM0iKVzXho9Nm5SmhhB0Cxx2+dwJFqSF2E5HiiUlv+gsyQLLSeJwt0BxeeVHemiM\nH69dyhZNmg32ihSpvL/CK4lOnzWqQFZke2SSuPv6t1+UGmXFeSfS/S+hSwAZ4ppl\nKmT41kuq6N4UgGmkoMIhhbvp89a8DuAKxO3i7O+O9tU/w2FTU1orlEDtmnM0xBdd\nrR9uEXJD90/W/xRu6qFFKnAjROx1E46nePDCixQh+FO4M9O5OHRHsnj/iWkviwqo\nFwTqXBH/JPbVTjTOu0BYIZg4/sp5roIb1xCzw8tf7QKBgQDtBx9RNUUqrXLrIqXH\nPcmmBx/xGIrBUeweu2LVhMVKuc5SEzgmMnFgB4AlBz8I4TuNHaKnG/FKa3ILsCNk\nYEIWW0Ee3Te4hsgwXvskhns++xFXR1lhknKHZkYemS0Y/zKpgPRj24gCzCF3c+Qu\nT8dUB7Hoch/ov64OktlhbOydlwKBgQDQ8WRTkfYGS06XlEOrE0jV13pSBNxF7Y72\nrMam8AuiPzZjikahrHplG2g97EaFu1gZCmCC88hCI0SFrjoUL9Gs8ipy4kFXdn97\nKOpGhp7ssoV40wDYUtDw1JWObILv/iGqAH7IfG6Us5YRvZn1UYQ9aIRaclWoNHpJ\nzl1EWH2hHwKBgQCrLqCkgqdwWhIL1VsK2QngGXctJT9YvPSdgVGwyRG/lQ934R+F\nHpsY8nHOzDvvCtN6Z/PHYnvR9mVIIa592LMB+GfAhZ2va8/6dy5Dw8gQxTxR31qj\nCCQku21avd9/FReeqV5XG/5PnuNwpMcf10gq3N/U808uRfjL16ydGxCMAwKBgFfs\nXGV2VGsNoYLTly4ULWAfDpAZD4A1mSVgSy/Qb3TU2NRGSbaa195YDCOSm5KG5WmU\nHky8vRZntNv0FuiLvtXiCc7SOuDNMpPnAb6vw4yjCttvHznoj5foPQ7zxp2q+QuK\nrc873WShtZK9kF3U8arNonRVDIp9msAYINMz0ZnNAoGBAKYcOsItkVisFjVurFf0\n7qUvJ8/jvry5UzZEKcIqYpXdVfV+7WcSFPib0DNBgwA8LwikpzOfKqEUr37tXK+a\n8+xlxWlpL/pMiIABBJSACCNMtz6cJiqf97b4+dXMhBWcqjveBd964dOsxBQfe0UK\nOsp9MDXdzHqmv8ZWfG0JB0ON\n-----END PRIVATE KEY-----\n","timeouts":null},"sensitive_values":{}},{"address":"google_compute_ssl_policy.ssl_policy","mode":"managed","type":"google_compute_ssl_policy","name":"ssl_policy","provider_name":"registry.terraform.io/hashicorp/google","schema_version":0,"values":{"custom_features":null,"description":null,"min_tls_version":"TLS_1_0","name":"ssl-policy","profile":"MODERN","timeouts":null},"sensitive_values":{"enabled_features":[]}},{"address":"google_compute_target_https_proxy.https_proxy","mode":"managed","type":"google_compute_target_https_proxy","name":"https_proxy","provider_name":"registry.terraform.io/hashicorp/google","schema_version":0,"values":{"description":null,"name":"test-proxy","quic_override":"NONE","ssl_policy":"ssl-policy","timeouts":null},"sensitive_values":{"ssl_certificates":[]}},{"address":"google_compute_url_map.url_map","mode":"managed","type":"google_compute_url_map","name":"url_map","provider_name":"registry.terraform.io/hashicorp/google","schema_version":0,"values":{"default_route_action":[],"default_url_redirect":[],"description":null,"header_action":[],"host_rule":[{"description":"","hosts":["test.com"],"path_matcher":"allpaths"}],"name":"url-map","path_matcher":[{"default_route_action":[],"default_url_redirect":[],"description":null,"header_action":[],"name":"allpaths","path_rule":[{"paths":["/*"],"route_action":[],"url_redirect":[]}],"route_rules":[]}],"test":[],"timeouts":null},"sensitive_values":{"default_route_action":[],"default_url_redirect":[],"header_action":[],"host_rule":[{"hosts":[false]}],"path_matcher":[{"default_route_action":[],"default_url_redirect":[],"header_action":[],"path_rule":[{"paths":[false],"route_action":[],"url_redirect":[]}],"route_rules":[]}],"test":[]}}]}},"resource_changes":[{"address":"google_compute_backend_service.backend_service","mode":"managed","type":"google_compute_backend_service","name":"backend_service","provider_name":"registry.terraform.io/hashicorp/google","change":{"actions":["create"],"before":null,"after":{"affinity_cookie_ttl_sec":null,"backend":[],"circuit_breakers":[],"connection_draining_timeout_sec":300,"consistent_hash":[],"custom_request_headers":null,"custom_response_headers":null,"description":null,"enable_cdn":null,"iap":[],"load_balancing_scheme":"EXTERNAL","locality_lb_policy":null,"name":"backend-service","outlier_detection":[],"port_name":"http","protocol":"HTTP","security_policy":null,"timeout_sec":10,"timeouts":null},"after_unknown":{"backend":[],"cdn_policy":true,"circuit_breakers":[],"consistent_hash":[],"creation_timestamp":true,"fingerprint":true,"health_checks":true,"iap":[],"id":true,"log_config":true,"outlier_detection":[],"project":true,"self_link":true,"session_affinity":true},"before_sensitive":false,"after_sensitive":{"backend":[],"cdn_policy":[],"circuit_breakers":[],"consistent_hash":[],"health_checks":[],"iap":[],"log_config":[],"outlier_detection":[]}}},{"address":"google_compute_http_health_check.health_check","mode":"managed","type":"google_compute_http_health_check","name":"health_check","provider_name":"registry.terraform.io/hashicorp/google","change":{"actions":["create"],"before":null,"after":{"check_interval_sec":1,"description":null,"healthy_threshold":2,"host":null,"name":"http-health-check","port":80,"request_path":"/","timeout_sec":1,"timeouts":null,"unhealthy_threshold":2},"after_unknown":{"creation_timestamp":true,"id":true,"project":true,"self_link":true},"before_sensitive":false,"after_sensitive":{}}},{"address":"google_compute_ssl_certificate.ssl_certificate","mode":"managed","type":"google_compute_ssl_certificate","name":"ssl_certificate","provider_name":"registry.terraform.io/hashicorp/google","change":{"actions":["create"],"before":null,"after":{"certificate":"-----BEGIN CERTIFICATE-----\nMIIC5TCCAc2gAwIBAgIJAJUPcp9KMptyMA0GCSqGSIb3DQEBCwUAMBQxEjAQBgNV\nBAMMCWxvY2FsaG9zdDAeFw0yMTExMjQwOTA0MTRaFw0yMTEyMjQwOTA0MTRaMBQx\nEjAQBgNVBAMMCWxvY2FsaG9zdDCCASIwDQYJKoZIhvcNAQEBBQADggEPADCCAQoC\nggEBAMF1SgqfawxWYIzIVOM+MWdZsYtO/49XYoWr3CqEJOnb2QsLpPLDKypNrJa8\nrziNg7smwOIBjD1lm5QXntRAgj5U5sn76Dvky6oWO6r91li6Rc0fRWRAKj3lzPpP\nq5sFG35ID3ASflhrHAQ7vgtBobd0uuttCeIkyXUc95su6fPetgCloKRmA1/EX+xU\ncIg7wkimD/8kwFnVuOir2NHrcFyFIePAVDHC9vabjRwwxwKhYTkbzfp1MvmyRBM6\nvhsKKUEonTqUwLsfKXtsFAkRKnuD+9xZhBfZB30zphXYoE/SjSKQw71QaqGbOnsE\ncPbsyIX384IeCE1rgx3VHdp+DEkCAwEAAaM6MDgwFAYDVR0RBA0wC4IJbG9jYWxo\nb3N0MAsGA1UdDwQEAwIHgDATBgNVHSUEDDAKBggrBgEFBQcDATANBgkqhkiG9w0B\nAQsFAAOCAQEANv8nxGuCbI2oylpy1AFPth4Ogs0S6jDC0+9tYjNJLUlHA8/QUrHQ\n3Z9C5fWx4nbT+Y8lvQnsuOjxWiqjVF7VhrQea3ImSxmSsDFiCW69Yxm98noxjozk\nG/XwtAL8Ooyv2l7OvsMvEN+cU7JUmr1WNWvVWScTbiO0lWGmP6hz1mODeKq7HMU1\nayTuiZXNtJeb7pfAnMI3fGqpRnbztFgNgZSfX9FbMuLeQMoWwKUnvgr/gPWn+zj+\n+HfgDTkj5LXnRuFUz0D+RnNgvetxaTg6NDgLRP6k2czkPSBQO3bP9Beg46YmlWtv\nwA7t2CLGtZ4ZpZpAzSy5KaEeciYshBZT/A==\n-----END CERTIFICATE-----\n","description":null,"name":"my-certificate","private_key":"-----BEGIN PRIVATE KEY-----\nMIIEvgIBADANBgkqhkiG9w0BAQEFAASCBKgwggSkAgEAAoIBAQDBdUoKn2sMVmCM\nyFTjPjFnWbGLTv+PV2KFq9wqhCTp29kLC6TywysqTayWvK84jYO7JsDiAYw9ZZuU\nF57UQII+VObJ++g75MuqFjuq/dZYukXNH0VkQCo95cz6T6ubBRt+SA9wEn5YaxwE\nO74LQaG3dLrrbQniJMl1HPebLunz3rYApaCkZgNfxF/sVHCIO8JIpg//JMBZ1bjo\nq9jR63BchSHjwFQxwvb2m40cMMcCoWE5G836dTL5skQTOr4bCilBKJ06lMC7Hyl7\nbBQJESp7g/vcWYQX2Qd9M6YV2KBP0o0ikMO9UGqhmzp7BHD27MiF9/OCHghNa4Md\n1R3afgxJAgMBAAECggEAEgn8yHbLBZB8WkRH3hSriKaNbp8EJ3qPfkVjNzexNXlB\niM0iKVzXho9Nm5SmhhB0Cxx2+dwJFqSF2E5HiiUlv+gsyQLLSeJwt0BxeeVHemiM\nH69dyhZNmg32ihSpvL/CK4lOnzWqQFZke2SSuPv6t1+UGmXFeSfS/S+hSwAZ4ppl\nKmT41kuq6N4UgGmkoMIhhbvp89a8DuAKxO3i7O+O9tU/w2FTU1orlEDtmnM0xBdd\nrR9uEXJD90/W/xRu6qFFKnAjROx1E46nePDCixQh+FO4M9O5OHRHsnj/iWkviwqo\nFwTqXBH/JPbVTjTOu0BYIZg4/sp5roIb1xCzw8tf7QKBgQDtBx9RNUUqrXLrIqXH\nPcmmBx/xGIrBUeweu2LVhMVKuc5SEzgmMnFgB4AlBz8I4TuNHaKnG/FKa3ILsCNk\nYEIWW0Ee3Te4hsgwXvskhns++xFXR1lhknKHZkYemS0Y/zKpgPRj24gCzCF3c+Qu\nT8dUB7Hoch/ov64OktlhbOydlwKBgQDQ8WRTkfYGS06XlEOrE0jV13pSBNxF7Y72\nrMam8AuiPzZjikahrHplG2g97EaFu1gZCmCC88hCI0SFrjoUL9Gs8ipy4kFXdn97\nKOpGhp7ssoV40wDYUtDw1JWObILv/iGqAH7IfG6Us5YRvZn1UYQ9aIRaclWoNHpJ\nzl1EWH2hHwKBgQCrLqCkgqdwWhIL1VsK2QngGXctJT9YvPSdgVGwyRG/lQ934R+F\nHpsY8nHOzDvvCtN6Z/PHYnvR9mVIIa592LMB+GfAhZ2va8/6dy5Dw8gQxTxR31qj\nCCQku21avd9/FReeqV5XG/5PnuNwpMcf10gq3N/U808uRfjL16ydGxCMAwKBgFfs\nXGV2VGsNoYLTly4ULWAfDpAZD4A1mSVgSy/Qb3TU2NRGSbaa195YDCOSm5KG5WmU\nHky8vRZntNv0FuiLvtXiCc7SOuDNMpPnAb6vw4yjCttvHznoj5foPQ7zxp2q+QuK\nrc873WShtZK9kF3U8arNonRVDIp9msAYINMz0ZnNAoGBAKYcOsItkVisFjVurFf0\n7qUvJ8/jvry5UzZEKcIqYpXdVfV+7WcSFPib0DNBgwA8LwikpzOfKqEUr37tXK+a\n8+xlxWlpL/pMiIABBJSACCNMtz6cJiqf97b4+dXMhBWcqjveBd964dOsxBQfe0UK\nOsp9MDXdzHqmv8ZWfG0JB0ON\n-----END PRIVATE KEY-----\n","timeouts":null},"after_unknown":{"certificate_id":true,"creation_timestamp":true,"id":true,"name_prefix":true,"project":true,"self_link":true},"before_sensitive":false,"after_sensitive":{"certificate":true,"private_key":true}}},{"address":"google_compute_ssl_policy.ssl_policy","mode":"managed","type":"google_compute_ssl_policy","name":"ssl_policy","provider_name":"registry.terraform.io/hashicorp/google","change":{"actions":["create"],"before":null,"after":{"custom_features":null,"description":null,"min_tls_version":"TLS_1_0","name":"ssl-policy","profile":"MODERN","timeouts":null},"after_unknown":{"creation_timestamp":true,"enabled_features":true,"fingerprint":true,"id":true,"project":true,"self_link":true},"before_sensitive":false,"after_sensitive":{"enabled_features":[]}}},{"address":"google_compute_target_https_proxy.https_proxy","mode":"managed","type":"google_compute_target_https_proxy","name":"https_proxy","provider_name":"registry.terraform.io/hashicorp/google","change":{"actions":["create"],"before":null,"after":{"description":null,"name":"test-proxy","quic_override":"NONE","ssl_policy":"ssl-policy","timeouts":null},"after_unknown":{"creation_timestamp":true,"id":true,"project":true,"proxy_bind":true,"proxy_id":true,"self_link":true,"ssl_certificates":true,"url_map":true},"before_sensitive":false,"after_sensitive":{"ssl_certificates":[]}}},{"address":"google_compute_url_map.url_map","mode":"managed","type":"google_compute_url_map","name":"url_map","provider_name":"registry.terraform.io/hashicorp/google","change":{"actions":["create"],"before":null,"after":{"default_route_action":[],"default_url_redirect":[],"description":null,"header_action":[],"host_rule":[{"description":"","hosts":["test.com"],"path_matcher":"allpaths"}],"name":"url-map","path_matcher":[{"default_route_action":[],"default_url_redirect":[],"description":null,"header_action":[],"name":"allpaths","path_rule":[{"paths":["/*"],"route_action":[],"url_redirect":[]}],"route_rules":[]}],"test":[],"timeouts":null},"after_unknown":{"creation_timestamp":true,"default_route_action":[],"default_service":true,"default_url_redirect":[],"fingerprint":true,"header_action":[],"host_rule":[{"hosts":[false]}],"id":true,"map_id":true,"path_matcher":[{"default_route_action":[],"default_service":true,"default_url_redirect":[],"header_action":[],"path_rule":[{"paths":[false],"route_action":[],"service":true,"url_redirect":[]}],"route_rules":[]}],"project":true,"self_link":true,"test":[]},"before_sensitive":false,"after_sensitive":{"default_route_action":[],"default_url_redirect":[],"header_action":[],"host_rule":[{"hosts":[false]}],"path_matcher":[{"default_route_action":[],"default_url_redirect":[],"header_action":[],"path_rule":[{"paths":[false],"route_action":[],"url_redirect":[]}],"route_rules":[]}],"test":[]}}}],"configuration":{"provider_config":{"google":{"name":"google","expressions":{"project":{"constant_value":"dev-for-tests"},"region":{"constant_value":"us-central-1"}}}},"root_module":{"resources":[{"address":"google_compute_backend_service.backend_service","mode":"managed","type":"google_compute_backend_service","name":"backend_service","provider_config_key":"google","expressions":{"health_checks":{"references":["google_compute_http_health_check.health_check.id","google_compute_http_health_check.health_check"]},"name":{"constant_value":"backend-service"},"port_name":{"constant_value":"http"},"protocol":{"constant_value":"HTTP"},"timeout_sec":{"constant_value":10}},"schema_version":1},{"address":"google_compute_http_health_check.health_check","mode":"managed","type":"google_compute_http_health_check","name":"health_check","provider_config_key":"google","expressions":{"check_interval_sec":{"constant_value":1},"name":{"constant_value":"http-health-check"},"request_path":{"constant_value":"/"},"timeout_sec":{"constant_value":1}},"schema_version":0},{"address":"google_compute_ssl_certificate.ssl_certificate","mode":"managed","type":"google_compute_ssl_certificate","name":"ssl_certificate","provider_config_key":"google","expressions":{"certificate":{},"name":{"constant_value":"my-certificate"},"private_key":{}},"schema_version":0},{"address":"google_compute_ssl_policy.ssl_policy","mode":"managed","type":"google_compute_ssl_policy","name":"ssl_policy","provider_config_key":"google","expressions":{"name":{"constant_value":"ssl-policy"},"profile":{"constant_value":"MODERN"}},"schema_version":0},{"address":"google_compute_target_https_proxy.https_proxy","mode":"managed","type":"google_compute_target_https_proxy","name":"https_proxy","provider_config_key":"google","expressions":{"name":{"constant_value":"test-proxy"},"ssl_certificates":{"references":["google_compute_ssl_certificate.ssl_certificate.id","google_compute_ssl_certificate.ssl_certificate"]},"ssl_policy":{"references":["google_compute_ssl_policy.ssl_policy.name","google_compute_ssl_policy.ssl_policy"]},"url_map":{"references":["google_compute_url_map.url_map.id","google_compute_url_map.url_map"]}},"schema_version":0},{"address":"google_compute_url_map.url_map","mode":"managed","type":"google_compute_url_map","name":"url_map","provider_config_key":"google","expressions":{"default_service":{"references":["google_compute_backend_service.backend_service.id","google_compute_backend_service.backend_service"]},"host_rule":[{"hosts":{"constant_value":["test.com"]},"path_matcher":{"constant_value":"allpaths"}}],"name":{"constant_value":"url-map"},"path_matcher":[{"default_service":{"references":["google_compute_backend_service.backend_service.id","google_compute_backend_service.backend_service"]},"name":{"constant_value":"allpaths"},"path_rule":[{"paths":{"constant_value":["/*"]},"service":{"references":["google_compute_backend_service.backend_service.id","google_compute_backend_service.backend_service"]}}]}]},"schema_version":0}]}}}
