{"format_version":"0.1","terraform_version":"0.14.6","planned_values":{"root_module":{"resources":[{"address":"aws_cloudtrail.number_1","mode":"managed","type":"aws_cloudtrail","name":"number_1","provider_name":"registry.terraform.io/hashicorp/aws","schema_version":0,"values":{"cloud_watch_logs_group_arn":null,"cloud_watch_logs_role_arn":null,"enable_log_file_validation":false,"enable_logging":true,"event_selector":[],"include_global_service_events":false,"insight_selector":[],"is_multi_region_trail":false,"is_organization_trail":false,"kms_key_id":null,"name":"cloudtrail-logs-default-encryption","s3_bucket_name":"aws_s3_bucket.foo.id","s3_key_prefix":"prefix","sns_topic_name":null,"tags":{"Env":"Cloudtrail-testing-cloudtrail","Name":"Cloudtrail-test"},"tags_all":{"Env":"Cloudtrail-testing-cloudtrail","Name":"Cloudtrail-test"}}},{"address":"aws_cloudtrail.number_2","mode":"managed","type":"aws_cloudtrail","name":"number_2","provider_name":"registry.terraform.io/hashicorp/aws","schema_version":0,"values":{"cloud_watch_logs_group_arn":null,"cloud_watch_logs_role_arn":null,"enable_log_file_validation":false,"enable_logging":true,"event_selector":[],"include_global_service_events":false,"insight_selector":[],"is_multi_region_trail":false,"is_organization_trail":false,"kms_key_id":null,"name":"cloudtrail-logs-default-encryption-2","s3_bucket_name":"aws_s3_bucket.foo.id","s3_key_prefix":"prefix","sns_topic_name":null,"tags":{"Env":"Cloudtrail-testing-cloudtrail-2","Name":"Cloudtrail-test-2"},"tags_all":{"Env":"Cloudtrail-testing-cloudtrail-2","Name":"Cloudtrail-test-2"}}},{"address":"aws_s3_bucket.foo","mode":"managed","type":"aws_s3_bucket","name":"foo","provider_name":"registry.terraform.io/hashicorp/aws","schema_version":0,"values":{"acl":"private","bucket":"cloudtrail-logs-default-encryption","bucket_prefix":null,"cors_rule":[],"force_destroy":true,"grant":[],"lifecycle_rule":[],"logging":[],"object_lock_configuration":[],"policy":"{\n    \"Version\": \"2012-10-17\",\n    \"Statement\": [\n        {\n            \"Sid\": \"AWSCloudTrailAclCheck\",\n            \"Effect\": \"Allow\",\n            \"Principal\": {\n              \"Service\": \"cloudtrail.amazonaws.com\"\n            },\n            \"Action\": \"s3:GetBucketAcl\",\n            \"Resource\": \"arn:aws:s3:::cloudtrail-logs-default-encryption\"\n        },\n        {\n            \"Sid\": \"AWSCloudTrailWrite\",\n            \"Effect\": \"Allow\",\n            \"Principal\": {\n              \"Service\": \"cloudtrail.amazonaws.com\"\n            },\n            \"Action\": \"s3:PutObject\",\n            \"Resource\": \"arn:aws:s3:::cloudtrail-logs-default-encryption/prefix/AWSLogs/115553109071/*\",\n            \"Condition\": {\n                \"StringEquals\": {\n                    \"s3:x-amz-acl\": \"bucket-owner-full-control\"\n                }\n            }\n        }\n    ]\n}\n","replication_configuration":[],"server_side_encryption_configuration":[],"tags":null,"versioning":[],"website":[]}}]}},"resource_changes":[{"address":"aws_cloudtrail.number_1","mode":"managed","type":"aws_cloudtrail","name":"number_1","provider_name":"registry.terraform.io/hashicorp/aws","change":{"actions":["create"],"before":null,"after":{"cloud_watch_logs_group_arn":null,"cloud_watch_logs_role_arn":null,"enable_log_file_validation":false,"enable_logging":true,"event_selector":[],"include_global_service_events":false,"insight_selector":[],"is_multi_region_trail":false,"is_organization_trail":false,"kms_key_id":null,"name":"cloudtrail-logs-default-encryption","s3_bucket_name":"aws_s3_bucket.foo.id","s3_key_prefix":"prefix","sns_topic_name":null,"tags":{"Env":"Cloudtrail-testing-cloudtrail","Name":"Cloudtrail-test"},"tags_all":{"Env":"Cloudtrail-testing-cloudtrail","Name":"Cloudtrail-test"}},"after_unknown":{"arn":true,"event_selector":[],"home_region":true,"id":true,"insight_selector":[],"tags":{},"tags_all":{}}}},{"address":"aws_cloudtrail.number_2","mode":"managed","type":"aws_cloudtrail","name":"number_2","provider_name":"registry.terraform.io/hashicorp/aws","change":{"actions":["create"],"before":null,"after":{"cloud_watch_logs_group_arn":null,"cloud_watch_logs_role_arn":null,"enable_log_file_validation":false,"enable_logging":true,"event_selector":[],"include_global_service_events":false,"insight_selector":[],"is_multi_region_trail":false,"is_organization_trail":false,"kms_key_id":null,"name":"cloudtrail-logs-default-encryption-2","s3_bucket_name":"aws_s3_bucket.foo.id","s3_key_prefix":"prefix","sns_topic_name":null,"tags":{"Env":"Cloudtrail-testing-cloudtrail-2","Name":"Cloudtrail-test-2"},"tags_all":{"Env":"Cloudtrail-testing-cloudtrail-2","Name":"Cloudtrail-test-2"}},"after_unknown":{"arn":true,"event_selector":[],"home_region":true,"id":true,"insight_selector":[],"tags":{},"tags_all":{}}}},{"address":"aws_s3_bucket.foo","mode":"managed","type":"aws_s3_bucket","name":"foo","provider_name":"registry.terraform.io/hashicorp/aws","change":{"actions":["create"],"before":null,"after":{"acl":"private","bucket":"cloudtrail-logs-default-encryption","bucket_prefix":null,"cors_rule":[],"force_destroy":true,"grant":[],"lifecycle_rule":[],"logging":[],"object_lock_configuration":[],"policy":"{\n    \"Version\": \"2012-10-17\",\n    \"Statement\": [\n        {\n            \"Sid\": \"AWSCloudTrailAclCheck\",\n            \"Effect\": \"Allow\",\n            \"Principal\": {\n              \"Service\": \"cloudtrail.amazonaws.com\"\n            },\n            \"Action\": \"s3:GetBucketAcl\",\n            \"Resource\": \"arn:aws:s3:::cloudtrail-logs-default-encryption\"\n        },\n        {\n            \"Sid\": \"AWSCloudTrailWrite\",\n            \"Effect\": \"Allow\",\n            \"Principal\": {\n              \"Service\": \"cloudtrail.amazonaws.com\"\n            },\n            \"Action\": \"s3:PutObject\",\n            \"Resource\": \"arn:aws:s3:::cloudtrail-logs-default-encryption/prefix/AWSLogs/115553109071/*\",\n            \"Condition\": {\n                \"StringEquals\": {\n                    \"s3:x-amz-acl\": \"bucket-owner-full-control\"\n                }\n            }\n        }\n    ]\n}\n","replication_configuration":[],"server_side_encryption_configuration":[],"tags":null,"versioning":[],"website":[]},"after_unknown":{"acceleration_status":true,"arn":true,"bucket_domain_name":true,"bucket_regional_domain_name":true,"cors_rule":[],"grant":[],"hosted_zone_id":true,"id":true,"lifecycle_rule":[],"logging":[],"object_lock_configuration":[],"region":true,"replication_configuration":[],"request_payer":true,"server_side_encryption_configuration":[],"tags_all":true,"versioning":[],"website":[],"website_domain":true,"website_endpoint":true}}}],"prior_state":{"format_version":"0.1","terraform_version":"0.14.6","values":{"root_module":{"resources":[{"address":"data.aws_caller_identity.current","mode":"data","type":"aws_caller_identity","name":"current","provider_name":"registry.terraform.io/hashicorp/aws","schema_version":0,"values":{"account_id":"115553109071","arn":"arn:aws:sts::115553109071:assumed-role/AWSReservedSSO_admin_in_develop_fb314e4593b59bf2/imanuel.m@indeni.com","id":"115553109071","user_id":"AROARVZ4AQRHRH7ZLU5BZ:imanuel.m@indeni.com"}}]}}},"configuration":{"provider_config":{"aws":{"name":"aws","expressions":{"region":{"constant_value":"us-east-1"}}}},"root_module":{"resources":[{"address":"aws_cloudtrail.number_1","mode":"managed","type":"aws_cloudtrail","name":"number_1","provider_config_key":"aws","expressions":{"include_global_service_events":{"constant_value":false},"name":{"references":["local.name"]},"s3_bucket_name":{"references":["aws_s3_bucket.foo"]},"s3_key_prefix":{"constant_value":"prefix"},"tags":{"constant_value":{"Env":"Cloudtrail-testing-cloudtrail","Name":"Cloudtrail-test"}}},"schema_version":0,"raw_data":{"FileName":"main.tf","StartLine":8,"EndLine":17}},{"address":"aws_cloudtrail.number_2","mode":"managed","type":"aws_cloudtrail","name":"number_2","provider_config_key":"aws","expressions":{"include_global_service_events":{"constant_value":false},"name":{"references":["local.name"]},"s3_bucket_name":{"references":["aws_s3_bucket.foo"]},"s3_key_prefix":{"constant_value":"prefix"},"tags":{"constant_value":{"Env":"Cloudtrail-testing-cloudtrail-2","Name":"Cloudtrail-test-2"}}},"schema_version":0,"raw_data":{"FileName":"main.tf","StartLine":19,"EndLine":28}},{"address":"aws_s3_bucket.foo","mode":"managed","type":"aws_s3_bucket","name":"foo","provider_config_key":"aws","expressions":{"bucket":{"references":["local.name"]},"force_destroy":{"constant_value":true},"policy":{"references":["local.name","local.name","data.aws_caller_identity.current"]}},"schema_version":0,"raw_data":{"FileName":"main.tf","StartLine":30,"EndLine":64}},{"address":"data.aws_caller_identity.current","mode":"data","type":"aws_caller_identity","name":"current","provider_config_key":"aws","schema_version":0,"raw_data":{"FileName":"main.tf","StartLine":6,"EndLine":6}}]}}}
