{"format_version":"0.1","terraform_version":"0.13.4","planned_values":{"root_module":{"resources":[{"address":"aws_api_gateway_method.my-api-gateway-method","mode":"managed","type":"aws_api_gateway_method","name":"my-api-gateway-method","provider_name":"registry.terraform.io/hashicorp/aws","schema_version":0,"values":{"api_key_required":false,"authorization":"NONE","authorization_scopes":null,"authorizer_id":null,"http_method":"ANY","operation_name":null,"request_models":null,"request_parameters":null,"request_validator_id":null,"resource_id":"aws_api_gateway_resource.my-api-gateway-resource.id","rest_api_id":"aws_api_gateway_rest_api.my-api-gateway.id"}},{"address":"aws_api_gateway_resource.my-api-gateway-resource","mode":"managed","type":"aws_api_gateway_resource","name":"my-api-gateway-resource","provider_name":"registry.terraform.io/hashicorp/aws","schema_version":0,"values":{"parent_id":"aws_api_gateway_rest_api.my-api-gateway.root_resource_id","path_part":"v1","rest_api_id":"aws_api_gateway_rest_api.my-api-gateway.id"}},{"address":"aws_api_gateway_rest_api.my-api-gateway","mode":"managed","type":"aws_api_gateway_rest_api","name":"my-api-gateway","provider_name":"registry.terraform.io/hashicorp/aws","schema_version":0,"values":{"body":null,"endpoint_configuration":[{"types":["PRIVATE"],"vpc_endpoint_ids":null}],"minimum_compression_size":-1,"name":"my-api-gateway","parameters":null,"tags":null}},{"address":"aws_s3_bucket.my-bucket","mode":"managed","type":"aws_s3_bucket","name":"my-bucket","provider_name":"registry.terraform.io/hashicorp/aws","schema_version":0,"values":{"acl":"private","bucket":"bucket-cloudrail-access-api-gw-method","bucket_prefix":null,"cors_rule":[],"force_destroy":false,"grant":[],"lifecycle_rule":[],"logging":[],"object_lock_configuration":[],"policy":null,"replication_configuration":[],"server_side_encryption_configuration":[],"tags":null,"versioning":[],"website":[]}},{"address":"aws_s3_bucket_public_access_block.my-bucket-access-block","mode":"managed","type":"aws_s3_bucket_public_access_block","name":"my-bucket-access-block","provider_name":"registry.terraform.io/hashicorp/aws","schema_version":0,"values":{"block_public_acls":false,"block_public_policy":false,"bucket":"aws_s3_bucket.my-bucket.id","ignore_public_acls":true,"restrict_public_buckets":true}}]}},"resource_changes":[{"address":"aws_api_gateway_method.my-api-gateway-method","mode":"managed","type":"aws_api_gateway_method","name":"my-api-gateway-method","provider_name":"registry.terraform.io/hashicorp/aws","change":{"actions":["create"],"before":null,"after":{"api_key_required":false,"authorization":"NONE","authorization_scopes":null,"authorizer_id":null,"http_method":"ANY","operation_name":null,"request_models":null,"request_parameters":null,"request_validator_id":null,"resource_id":"aws_api_gateway_resource.my-api-gateway-resource.id","rest_api_id":"aws_api_gateway_rest_api.my-api-gateway.id"},"after_unknown":{"id":true}}},{"address":"aws_api_gateway_resource.my-api-gateway-resource","mode":"managed","type":"aws_api_gateway_resource","name":"my-api-gateway-resource","provider_name":"registry.terraform.io/hashicorp/aws","change":{"actions":["create"],"before":null,"after":{"parent_id":"aws_api_gateway_rest_api.my-api-gateway.root_resource_id","path_part":"v1","rest_api_id":"aws_api_gateway_rest_api.my-api-gateway.id"},"after_unknown":{"id":true,"path":true}}},{"address":"aws_api_gateway_rest_api.my-api-gateway","mode":"managed","type":"aws_api_gateway_rest_api","name":"my-api-gateway","provider_name":"registry.terraform.io/hashicorp/aws","change":{"actions":["create"],"before":null,"after":{"body":null,"endpoint_configuration":[{"types":["PRIVATE"],"vpc_endpoint_ids":null}],"minimum_compression_size":-1,"name":"my-api-gateway","parameters":null,"tags":null},"after_unknown":{"api_key_source":true,"arn":true,"binary_media_types":true,"created_date":true,"description":true,"disable_execute_api_endpoint":true,"endpoint_configuration":[{"types":[false]}],"execution_arn":true,"id":true,"policy":true,"root_resource_id":true,"tags_all":true}}},{"address":"aws_s3_bucket.my-bucket","mode":"managed","type":"aws_s3_bucket","name":"my-bucket","provider_name":"registry.terraform.io/hashicorp/aws","change":{"actions":["create"],"before":null,"after":{"acl":"private","bucket":"bucket-cloudrail-access-api-gw-method","bucket_prefix":null,"cors_rule":[],"force_destroy":false,"grant":[],"lifecycle_rule":[],"logging":[],"object_lock_configuration":[],"policy":null,"replication_configuration":[],"server_side_encryption_configuration":[],"tags":null,"versioning":[],"website":[]},"after_unknown":{"acceleration_status":true,"arn":true,"bucket_domain_name":true,"bucket_regional_domain_name":true,"cors_rule":[],"grant":[],"hosted_zone_id":true,"id":true,"lifecycle_rule":[],"logging":[],"object_lock_configuration":[],"region":true,"replication_configuration":[],"request_payer":true,"server_side_encryption_configuration":[],"tags_all":true,"versioning":[],"website":[],"website_domain":true,"website_endpoint":true}}},{"address":"aws_s3_bucket_public_access_block.my-bucket-access-block","mode":"managed","type":"aws_s3_bucket_public_access_block","name":"my-bucket-access-block","provider_name":"registry.terraform.io/hashicorp/aws","change":{"actions":["create"],"before":null,"after":{"block_public_acls":false,"block_public_policy":false,"bucket":"aws_s3_bucket.my-bucket.id","ignore_public_acls":true,"restrict_public_buckets":true},"after_unknown":{"id":true}}}],"configuration":{"provider_config":{"aws":{"name":"aws","expressions":{"region":{"constant_value":"us-east-1"}}}},"root_module":{"resources":[{"address":"aws_api_gateway_method.my-api-gateway-method","mode":"managed","type":"aws_api_gateway_method","name":"my-api-gateway-method","provider_config_key":"aws","expressions":{"authorization":{"constant_value":"NONE"},"http_method":{"constant_value":"ANY"},"resource_id":{"references":["aws_api_gateway_resource.my-api-gateway-resource"]},"rest_api_id":{"references":["aws_api_gateway_rest_api.my-api-gateway"]}},"schema_version":0,"raw_data":{"FileName":"main.tf","StartLine":26,"EndLine":31}},{"address":"aws_api_gateway_resource.my-api-gateway-resource","mode":"managed","type":"aws_api_gateway_resource","name":"my-api-gateway-resource","provider_config_key":"aws","expressions":{"parent_id":{"references":["aws_api_gateway_rest_api.my-api-gateway"]},"path_part":{"constant_value":"v1"},"rest_api_id":{"references":["aws_api_gateway_rest_api.my-api-gateway"]}},"schema_version":0,"raw_data":{"FileName":"main.tf","StartLine":20,"EndLine":24}},{"address":"aws_api_gateway_rest_api.my-api-gateway","mode":"managed","type":"aws_api_gateway_rest_api","name":"my-api-gateway","provider_config_key":"aws","expressions":{"endpoint_configuration":[{"types":{"constant_value":["PRIVATE"]}}],"name":{"constant_value":"my-api-gateway"}},"schema_version":0,"raw_data":{"FileName":"main.tf","StartLine":12,"EndLine":18}},{"address":"aws_s3_bucket.my-bucket","mode":"managed","type":"aws_s3_bucket","name":"my-bucket","provider_config_key":"aws","expressions":{"bucket":{"constant_value":"bucket-cloudrail-access-api-gw-method"}},"schema_version":0,"raw_data":{"FileName":"main.tf","StartLine":2,"EndLine":4}},{"address":"aws_s3_bucket_public_access_block.my-bucket-access-block","mode":"managed","type":"aws_s3_bucket_public_access_block","name":"my-bucket-access-block","provider_config_key":"aws","expressions":{"bucket":{"references":["aws_s3_bucket.my-bucket"]},"ignore_public_acls":{"constant_value":true},"restrict_public_buckets":{"constant_value":true}},"schema_version":0,"raw_data":{"FileName":"main.tf","StartLine":6,"EndLine":10}}]}}}
