{"format_version":"0.1","terraform_version":"0.14.6","planned_values":{"root_module":{"resources":[{"address":"aws_fsx_windows_file_system.test","mode":"managed","type":"aws_fsx_windows_file_system","name":"test","provider_name":"registry.terraform.io/hashicorp/aws","schema_version":0,"values":{"active_directory_id":"d-9a672ce99e","aliases":null,"audit_log_configuration":[],"automatic_backup_retention_days":7,"copy_tags_to_backups":false,"deployment_type":"SINGLE_AZ_1","security_group_ids":null,"self_managed_active_directory":[],"skip_final_backup":false,"storage_capacity":32,"storage_type":"SSD","subnet_ids":["subnet-4630243c"],"tags":null,"throughput_capacity":8,"timeouts":null}}]}},"resource_changes":[{"address":"aws_fsx_windows_file_system.test","mode":"managed","type":"aws_fsx_windows_file_system","name":"test","provider_name":"registry.terraform.io/hashicorp/aws","change":{"actions":["create"],"before":null,"after":{"active_directory_id":"d-9a672ce99e","aliases":null,"audit_log_configuration":[],"automatic_backup_retention_days":7,"copy_tags_to_backups":false,"deployment_type":"SINGLE_AZ_1","security_group_ids":null,"self_managed_active_directory":[],"skip_final_backup":false,"storage_capacity":32,"storage_type":"SSD","subnet_ids":["subnet-4630243c"],"tags":null,"throughput_capacity":8,"timeouts":null},"after_unknown":{"arn":true,"audit_log_configuration":[],"daily_automatic_backup_start_time":true,"dns_name":true,"id":true,"kms_key_id":true,"network_interface_ids":true,"owner_id":true,"preferred_file_server_ip":true,"preferred_subnet_id":true,"remote_administration_endpoint":true,"self_managed_active_directory":[],"subnet_ids":[false],"tags_all":true,"vpc_id":true,"weekly_maintenance_start_time":true}}}],"prior_state":{"format_version":"0.1","terraform_version":"0.13.5","values":{"root_module":{"resources":[{"address":"data.aws_directory_service_directory.test","mode":"data","type":"aws_directory_service_directory","name":"test","provider_name":"registry.terraform.io/hashicorp/aws","schema_version":0,"values":{"access_url":"d-9a672ce99e.awsapps.com","alias":"d-9a672ce99e","connect_settings":[],"description":"","directory_id":"d-9a672ce99e","dns_ip_addresses":["172.31.27.6","172.31.36.10"],"edition":"Standard","enable_sso":false,"id":"d-9a672ce99e","name":"corp.notexample.com","security_group_id":"sg-071105df18d593119","short_name":"corp","size":"Small","tags":{},"type":"MicrosoftAD","vpc_settings":[{"availability_zones":["us-east-2b","us-east-2c"],"subnet_ids":["subnet-4630243c","subnet-6e81fd22"],"vpc_id":"vpc-0e289f65"}]}},{"address":"data.aws_subnet_ids.default","mode":"data","type":"aws_subnet_ids","name":"default","provider_name":"registry.terraform.io/hashicorp/aws","schema_version":0,"values":{"filter":null,"id":"vpc-0e289f65","ids":["subnet-4630243c","subnet-6e81fd22","subnet-f9be6092"],"tags":null,"vpc_id":"vpc-0e289f65"}},{"address":"data.aws_vpc.default","mode":"data","type":"aws_vpc","name":"default","provider_name":"registry.terraform.io/hashicorp/aws","schema_version":0,"values":{"arn":"arn:aws:ec2:us-east-2:553432699559:vpc/vpc-0e289f65","cidr_block":"172.31.0.0/16","cidr_block_associations":[{"association_id":"vpc-cidr-assoc-fb0abb90","cidr_block":"172.31.0.0/16","state":"associated"}],"default":true,"dhcp_options_id":"dopt-8450d8ef","enable_dns_hostnames":true,"enable_dns_support":true,"filter":null,"id":"vpc-0e289f65","instance_tenancy":"default","ipv6_association_id":null,"ipv6_cidr_block":null,"main_route_table_id":"rtb-0f592664","owner_id":"553432699559","state":"available","tags":{}}}]}}},"configuration":{"provider_config":{"aws":{"name":"aws","expressions":{"region":{"constant_value":"us-east-2"}}}},"root_module":{"resources":[{"address":"aws_fsx_windows_file_system.test","mode":"managed","type":"aws_fsx_windows_file_system","name":"test","provider_config_key":"aws","expressions":{"active_directory_id":{"references":["data.aws_directory_service_directory.test"]},"storage_capacity":{"constant_value":32},"subnet_ids":{"references":["local.default_subnet_list"]},"throughput_capacity":{"constant_value":8}},"schema_version":0,"raw_data":{"FileName":"main.tf","StartLine":37,"EndLine":42}},{"address":"data.aws_directory_service_directory.test","mode":"data","type":"aws_directory_service_directory","name":"test","provider_config_key":"aws","expressions":{"directory_id":{"constant_value":"d-9a672ce99e"}},"schema_version":0,"raw_data":{"FileName":"main.tf","StartLine":33,"EndLine":35}},{"address":"data.aws_subnet_ids.default","mode":"data","type":"aws_subnet_ids","name":"default","provider_config_key":"aws","expressions":{"vpc_id":{"references":["data.aws_vpc.default"]}},"schema_version":0,"raw_data":{"FileName":"main.tf","StartLine":13,"EndLine":15}},{"address":"data.aws_vpc.default","mode":"data","type":"aws_vpc","name":"default","provider_config_key":"aws","expressions":{"default":{"constant_value":true}},"schema_version":0,"raw_data":{"FileName":"main.tf","StartLine":9,"EndLine":11}}]}}}
