{"format_version":"0.1","terraform_version":"0.12.29","planned_values":{"root_module":{"child_modules":[{"resources":[{"address":"module.test_module.aws_kms_alias.a","mode":"managed","type":"aws_kms_alias","name":"a","provider_name":"aws","schema_version":0,"values":{"name":"alias/cloudrail-alias","name_prefix":null,"target_key_id":"module.test_module.aws_kms_key.cloudrail-test.key_id"}},{"address":"module.test_module.aws_kms_key.cloudrail-test","mode":"managed","type":"aws_kms_key","name":"cloudrail-test","provider_name":"aws","schema_version":0,"values":{"customer_master_key_spec":"SYMMETRIC_DEFAULT","deletion_window_in_days":null,"enable_key_rotation":false,"is_enabled":true,"key_usage":"ENCRYPT_DECRYPT","tags":null}}],"address":"module.test_module"}]}},"resource_changes":[{"address":"module.test_module.aws_kms_alias.a","module_address":"module.test_module","mode":"managed","type":"aws_kms_alias","name":"a","provider_name":"aws","change":{"actions":["create"],"before":null,"after":{"name":"alias/cloudrail-alias","name_prefix":null,"target_key_id":"module.test_module.aws_kms_key.cloudrail-test.key_id"},"after_unknown":{"arn":true,"id":true,"target_key_arn":true}}},{"address":"module.test_module.aws_kms_key.cloudrail-test","module_address":"module.test_module","mode":"managed","type":"aws_kms_key","name":"cloudrail-test","provider_name":"aws","change":{"actions":["create"],"before":null,"after":{"customer_master_key_spec":"SYMMETRIC_DEFAULT","deletion_window_in_days":null,"enable_key_rotation":false,"is_enabled":true,"key_usage":"ENCRYPT_DECRYPT","tags":null},"after_unknown":{"arn":true,"description":true,"id":true,"key_id":true,"policy":true}}}],"configuration":{"provider_config":{"aws":{"name":"aws","version_constraint":"2.70.0","expressions":{"region":{"constant_value":"us-east-1"}}},"test_module:aws":{"name":"aws","module_address":"test_module","expressions":{"region":{"constant_value":"us-east-1"}}}},"root_module":{"module_calls":{"test_module":{"source":"./kms_aliases/basic","module":{"resources":[{"address":"aws_kms_alias.a","mode":"managed","type":"aws_kms_alias","name":"a","provider_config_key":"test_module:aws","expressions":{"name":{"constant_value":"alias/cloudrail-alias"},"target_key_id":{"references":["aws_kms_key.cloudrail-test"]}},"schema_version":0,"raw_data":{"FileName":"kms_aliases/basic/main.tf","StartLine":7,"EndLine":10}},{"address":"aws_kms_key.cloudrail-test","mode":"managed","type":"aws_kms_key","name":"cloudrail-test","provider_config_key":"test_module:aws","schema_version":0,"raw_data":{"FileName":"kms_aliases/basic/main.tf","StartLine":5,"EndLine":5}}]},"raw_data":{"FileName":"main.tf","StartLine":7,"EndLine":9}}}}}}
