{"format_version":"0.1","terraform_version":"0.13.4","planned_values":{"root_module":{"resources":[{"address":"aws_iam_user.iam_user_1","mode":"managed","type":"aws_iam_user","name":"iam_user_1","provider_name":"registry.terraform.io/hashicorp/aws","schema_version":0,"values":{"force_destroy":false,"name":"iam_user_1","path":"/","permissions_boundary":null,"tags":{"Env":"Cloudrail","Name":"ecs-cluster-test"},"tags_all":{"Env":"Cloudrail","Name":"ecs-cluster-test"}}}]}},"resource_changes":[{"address":"aws_iam_user.iam_user_1","mode":"managed","type":"aws_iam_user","name":"iam_user_1","provider_name":"registry.terraform.io/hashicorp/aws","change":{"actions":["create"],"before":null,"after":{"force_destroy":false,"name":"iam_user_1","path":"/","permissions_boundary":null,"tags":{"Env":"Cloudrail","Name":"ecs-cluster-test"},"tags_all":{"Env":"Cloudrail","Name":"ecs-cluster-test"}},"after_unknown":{"arn":true,"id":true,"tags":{},"tags_all":{},"unique_id":true}}}],"configuration":{"provider_config":{"aws":{"name":"aws","expressions":{"region":{"constant_value":"us-east-1"}}}},"root_module":{"resources":[{"address":"aws_iam_user.iam_user_1","mode":"managed","type":"aws_iam_user","name":"iam_user_1","provider_config_key":"aws","expressions":{"name":{"constant_value":"iam_user_1"},"tags":{"constant_value":{"Env":"Cloudrail","Name":"ecs-cluster-test"}}},"schema_version":0,"raw_data":{"FileName":"main.tf","StartLine":2,"EndLine":8}}]}}}
