{"format_version":"0.1","terraform_version":"0.13.4","planned_values":{"root_module":{"resources":[{"address":"aws_default_security_group.dsg","mode":"managed","type":"aws_default_security_group","name":"dsg","provider_name":"registry.terraform.io/hashicorp/aws","schema_version":1,"values":{"revoke_rules_on_delete":false,"tags":null,"vpc_id":"aws_vpc.vpc1.id"}},{"address":"aws_instance.inst1","mode":"managed","type":"aws_instance","name":"inst1","provider_name":"registry.terraform.io/hashicorp/aws","schema_version":1,"values":{"ami":"ami-0133407e358cc1af0","capacity_reservation_specification":[],"credit_specification":[],"ebs_block_device":[],"enclave_options":[],"ephemeral_block_device":[],"get_password_data":false,"hibernation":null,"iam_instance_profile":null,"instance_type":"t3.micro","launch_template":[],"metadata_options":[],"network_interface":[],"root_block_device":[],"source_dest_check":true,"subnet_id":"aws_subnet.subnet1.id","tags":null,"timeouts":null,"volume_tags":null,"vpc_security_group_ids":["aws_default_security_group.dsg.id"]}},{"address":"aws_lb.test","mode":"managed","type":"aws_lb","name":"test","provider_name":"registry.terraform.io/hashicorp/aws","schema_version":0,"values":{"access_logs":[],"customer_owned_ipv4_pool":null,"drop_invalid_header_fields":false,"enable_cross_zone_load_balancing":null,"enable_deletion_protection":false,"enable_http2":true,"idle_timeout":60,"internal":true,"load_balancer_type":"application","name":"test123","name_prefix":null,"subnet_mapping":[],"subnets":["aws_subnet.subnet1.id","aws_subnet.subnet2.id"],"tags":null,"timeouts":null}},{"address":"aws_lb_listener.listener","mode":"managed","type":"aws_lb_listener","name":"listener","provider_name":"registry.terraform.io/hashicorp/aws","schema_version":0,"values":{"alpn_policy":null,"certificate_arn":null,"default_action":[{"authenticate_cognito":[],"authenticate_oidc":[],"fixed_response":[],"forward":[],"order":null,"redirect":[],"target_group_arn":"aws_lb_target_group.test.arn","type":"forward"}],"load_balancer_arn":"aws_lb.test.arn","port":80,"tags":null,"timeouts":null}},{"address":"aws_lb_target_group.test","mode":"managed","type":"aws_lb_target_group","name":"test","provider_name":"registry.terraform.io/hashicorp/aws","schema_version":0,"values":{"deregistration_delay":300,"health_check":[],"lambda_multi_value_headers_enabled":false,"name_prefix":null,"port":80,"protocol":"HTTP","proxy_protocol_v2":false,"slow_start":0,"stickiness":[],"tags":null,"target_type":"instance","vpc_id":"aws_vpc.vpc1.id"}},{"address":"aws_lb_target_group_attachment.attach1","mode":"managed","type":"aws_lb_target_group_attachment","name":"attach1","provider_name":"registry.terraform.io/hashicorp/aws","schema_version":0,"values":{"availability_zone":null,"port":80,"target_group_arn":"aws_lb_target_group.test.arn","target_id":"aws_instance.inst1.id"}},{"address":"aws_subnet.subnet1","mode":"managed","type":"aws_subnet","name":"subnet1","provider_name":"registry.terraform.io/hashicorp/aws","schema_version":1,"values":{"assign_ipv6_address_on_creation":false,"availability_zone_id":"use1-az1","cidr_block":"10.10.10.0/24","customer_owned_ipv4_pool":null,"ipv6_cidr_block":null,"map_customer_owned_ip_on_launch":null,"map_public_ip_on_launch":false,"outpost_arn":null,"tags":{"Name":"subnet1"},"tags_all":{"Name":"subnet1"},"timeouts":null,"vpc_id":"aws_vpc.vpc1.id"}},{"address":"aws_subnet.subnet2","mode":"managed","type":"aws_subnet","name":"subnet2","provider_name":"registry.terraform.io/hashicorp/aws","schema_version":1,"values":{"assign_ipv6_address_on_creation":false,"availability_zone_id":"use1-az2","cidr_block":"10.10.11.0/24","customer_owned_ipv4_pool":null,"ipv6_cidr_block":null,"map_customer_owned_ip_on_launch":null,"map_public_ip_on_launch":false,"outpost_arn":null,"tags":{"Name":"subnet2"},"tags_all":{"Name":"subnet2"},"timeouts":null,"vpc_id":"aws_vpc.vpc1.id"}},{"address":"aws_vpc.vpc1","mode":"managed","type":"aws_vpc","name":"vpc1","provider_name":"registry.terraform.io/hashicorp/aws","schema_version":1,"values":{"assign_generated_ipv6_cidr_block":false,"cidr_block":"10.10.0.0/16","enable_dns_support":true,"instance_tenancy":"default","tags":null}}]}},"resource_changes":[{"address":"aws_default_security_group.dsg","mode":"managed","type":"aws_default_security_group","name":"dsg","provider_name":"registry.terraform.io/hashicorp/aws","change":{"actions":["create"],"before":null,"after":{"revoke_rules_on_delete":false,"tags":null,"vpc_id":"aws_vpc.vpc1.id"},"after_unknown":{"arn":true,"description":true,"egress":true,"id":true,"ingress":true,"name":true,"owner_id":true,"tags_all":true}}},{"address":"aws_instance.inst1","mode":"managed","type":"aws_instance","name":"inst1","provider_name":"registry.terraform.io/hashicorp/aws","change":{"actions":["create"],"before":null,"after":{"ami":"ami-0133407e358cc1af0","capacity_reservation_specification":[],"credit_specification":[],"ebs_block_device":[],"enclave_options":[],"ephemeral_block_device":[],"get_password_data":false,"hibernation":null,"iam_instance_profile":null,"instance_type":"t3.micro","launch_template":[],"metadata_options":[],"network_interface":[],"root_block_device":[],"source_dest_check":true,"subnet_id":"aws_subnet.subnet1.id","tags":null,"timeouts":null,"volume_tags":null,"vpc_security_group_ids":["aws_default_security_group.dsg.id"]},"after_unknown":{"arn":true,"associate_public_ip_address":true,"availability_zone":true,"capacity_reservation_specification":[],"cpu_core_count":true,"cpu_threads_per_core":true,"credit_specification":[],"disable_api_termination":true,"ebs_block_device":[],"ebs_optimized":true,"enclave_options":[],"ephemeral_block_device":[],"host_id":true,"id":true,"instance_initiated_shutdown_behavior":true,"instance_state":true,"ipv6_address_count":true,"ipv6_addresses":true,"key_name":true,"launch_template":[],"metadata_options":[],"monitoring":true,"network_interface":[],"outpost_arn":true,"password_data":true,"placement_group":true,"primary_network_interface_id":true,"private_dns":true,"private_ip":true,"public_dns":true,"public_ip":true,"root_block_device":[],"secondary_private_ips":true,"security_groups":true,"tags_all":true,"tenancy":true,"user_data":true,"user_data_base64":true,"vpc_security_group_ids":[false]}}},{"address":"aws_lb.test","mode":"managed","type":"aws_lb","name":"test","provider_name":"registry.terraform.io/hashicorp/aws","change":{"actions":["create"],"before":null,"after":{"access_logs":[],"customer_owned_ipv4_pool":null,"drop_invalid_header_fields":false,"enable_cross_zone_load_balancing":null,"enable_deletion_protection":false,"enable_http2":true,"idle_timeout":60,"internal":true,"load_balancer_type":"application","name":"test123","name_prefix":null,"subnet_mapping":[],"subnets":["aws_subnet.subnet1.id","aws_subnet.subnet2.id"],"tags":null,"timeouts":null},"after_unknown":{"access_logs":[],"arn":true,"arn_suffix":true,"dns_name":true,"id":true,"ip_address_type":true,"security_groups":true,"subnet_mapping":[],"subnets":[false,false],"tags_all":true,"vpc_id":true,"zone_id":true}}},{"address":"aws_lb_listener.listener","mode":"managed","type":"aws_lb_listener","name":"listener","provider_name":"registry.terraform.io/hashicorp/aws","change":{"actions":["create"],"before":null,"after":{"alpn_policy":null,"certificate_arn":null,"default_action":[{"authenticate_cognito":[],"authenticate_oidc":[],"fixed_response":[],"forward":[],"order":null,"redirect":[],"target_group_arn":"aws_lb_target_group.test.arn","type":"forward"}],"load_balancer_arn":"aws_lb.test.arn","port":80,"tags":null,"timeouts":null},"after_unknown":{"arn":true,"default_action":[{"authenticate_cognito":[],"authenticate_oidc":[],"fixed_response":[],"forward":[],"redirect":[]}],"id":true,"protocol":true,"ssl_policy":true,"tags_all":true}}},{"address":"aws_lb_target_group.test","mode":"managed","type":"aws_lb_target_group","name":"test","provider_name":"registry.terraform.io/hashicorp/aws","change":{"actions":["create"],"before":null,"after":{"deregistration_delay":300,"health_check":[],"lambda_multi_value_headers_enabled":false,"name_prefix":null,"port":80,"protocol":"HTTP","proxy_protocol_v2":false,"slow_start":0,"stickiness":[],"tags":null,"target_type":"instance","vpc_id":"aws_vpc.vpc1.id"},"after_unknown":{"arn":true,"arn_suffix":true,"health_check":[],"id":true,"load_balancing_algorithm_type":true,"name":true,"preserve_client_ip":true,"protocol_version":true,"stickiness":[],"tags_all":true}}},{"address":"aws_lb_target_group_attachment.attach1","mode":"managed","type":"aws_lb_target_group_attachment","name":"attach1","provider_name":"registry.terraform.io/hashicorp/aws","change":{"actions":["create"],"before":null,"after":{"availability_zone":null,"port":80,"target_group_arn":"aws_lb_target_group.test.arn","target_id":"aws_instance.inst1.id"},"after_unknown":{"id":true}}},{"address":"aws_subnet.subnet1","mode":"managed","type":"aws_subnet","name":"subnet1","provider_name":"registry.terraform.io/hashicorp/aws","change":{"actions":["create"],"before":null,"after":{"assign_ipv6_address_on_creation":false,"availability_zone_id":"use1-az1","cidr_block":"10.10.10.0/24","customer_owned_ipv4_pool":null,"ipv6_cidr_block":null,"map_customer_owned_ip_on_launch":null,"map_public_ip_on_launch":false,"outpost_arn":null,"tags":{"Name":"subnet1"},"tags_all":{"Name":"subnet1"},"timeouts":null,"vpc_id":"aws_vpc.vpc1.id"},"after_unknown":{"arn":true,"availability_zone":true,"id":true,"ipv6_cidr_block_association_id":true,"owner_id":true,"tags":{},"tags_all":{}}}},{"address":"aws_subnet.subnet2","mode":"managed","type":"aws_subnet","name":"subnet2","provider_name":"registry.terraform.io/hashicorp/aws","change":{"actions":["create"],"before":null,"after":{"assign_ipv6_address_on_creation":false,"availability_zone_id":"use1-az2","cidr_block":"10.10.11.0/24","customer_owned_ipv4_pool":null,"ipv6_cidr_block":null,"map_customer_owned_ip_on_launch":null,"map_public_ip_on_launch":false,"outpost_arn":null,"tags":{"Name":"subnet2"},"tags_all":{"Name":"subnet2"},"timeouts":null,"vpc_id":"aws_vpc.vpc1.id"},"after_unknown":{"arn":true,"availability_zone":true,"id":true,"ipv6_cidr_block_association_id":true,"owner_id":true,"tags":{},"tags_all":{}}}},{"address":"aws_vpc.vpc1","mode":"managed","type":"aws_vpc","name":"vpc1","provider_name":"registry.terraform.io/hashicorp/aws","change":{"actions":["create"],"before":null,"after":{"assign_generated_ipv6_cidr_block":false,"cidr_block":"10.10.0.0/16","enable_dns_support":true,"instance_tenancy":"default","tags":null},"after_unknown":{"arn":true,"default_network_acl_id":true,"default_route_table_id":true,"default_security_group_id":true,"dhcp_options_id":true,"enable_classiclink":true,"enable_classiclink_dns_support":true,"enable_dns_hostnames":true,"id":true,"ipv6_association_id":true,"ipv6_cidr_block":true,"main_route_table_id":true,"owner_id":true,"tags_all":true}}}],"prior_state":{"format_version":"0.1","terraform_version":"0.13.4","values":{"root_module":{"resources":[{"address":"data.aws_ami.ubuntu","mode":"data","type":"aws_ami","name":"ubuntu","provider_name":"registry.terraform.io/hashicorp/aws","schema_version":0,"values":{"architecture":"x86_64","arn":"arn:aws:ec2:us-east-1::image/ami-0133407e358cc1af0","block_device_mappings":[{"device_name":"/dev/sda1","ebs":{"delete_on_termination":"true","encrypted":"false","iops":"0","snapshot_id":"snap-017723202a7ecbbf6","throughput":"0","volume_size":"8","volume_type":"gp2"},"no_device":"","virtual_name":""},{"device_name":"/dev/sdb","ebs":{},"no_device":"","virtual_name":"ephemeral0"},{"device_name":"/dev/sdc","ebs":{},"no_device":"","virtual_name":"ephemeral1"}],"creation_date":"2021-07-22T12:11:21.000Z","description":"Canonical, Ubuntu, 16.04 LTS, amd64 xenial image build on 2021-07-21","ena_support":true,"executable_users":null,"filter":[{"name":"name","values":["ubuntu/images/hvm-ssd/ubuntu-xenial-16.04-amd64-server-*"]},{"name":"virtualization-type","values":["hvm"]}],"hypervisor":"xen","id":"ami-0133407e358cc1af0","image_id":"ami-0133407e358cc1af0","image_location":"099720109477/ubuntu/images/hvm-ssd/ubuntu-xenial-16.04-amd64-server-20210721","image_owner_alias":null,"image_type":"machine","kernel_id":null,"most_recent":true,"name":"ubuntu/images/hvm-ssd/ubuntu-xenial-16.04-amd64-server-20210721","name_regex":null,"owner_id":"099720109477","owners":["099720109477"],"platform":null,"platform_details":"Linux/UNIX","product_codes":[],"public":true,"ramdisk_id":null,"root_device_name":"/dev/sda1","root_device_type":"ebs","root_snapshot_id":"snap-017723202a7ecbbf6","sriov_net_support":"simple","state":"available","state_reason":{"code":"UNSET","message":"UNSET"},"tags":{},"usage_operation":"RunInstances","virtualization_type":"hvm"}},{"address":"data.aws_availability_zones.available","mode":"data","type":"aws_availability_zones","name":"available","provider_name":"registry.terraform.io/hashicorp/aws","schema_version":0,"values":{"all_availability_zones":null,"exclude_names":null,"exclude_zone_ids":null,"filter":null,"group_names":["us-east-1"],"id":"us-east-1","names":["us-east-1a","us-east-1b","us-east-1c","us-east-1d","us-east-1e","us-east-1f"],"state":"available","zone_ids":["use1-az1","use1-az2","use1-az4","use1-az6","use1-az3","use1-az5"]}}]}}},"configuration":{"root_module":{"resources":[{"address":"aws_default_security_group.dsg","mode":"managed","type":"aws_default_security_group","name":"dsg","provider_config_key":"aws","expressions":{"vpc_id":{"references":["aws_vpc.vpc1"]}},"schema_version":1,"raw_data":{"FileName":"main.tf","StartLine":58,"EndLine":60}},{"address":"aws_instance.inst1","mode":"managed","type":"aws_instance","name":"inst1","provider_config_key":"aws","expressions":{"ami":{"references":["data.aws_ami.ubuntu"]},"instance_type":{"constant_value":"t3.micro"},"subnet_id":{"references":["aws_subnet.subnet1"]},"vpc_security_group_ids":{"references":["aws_default_security_group.dsg"]}},"schema_version":1,"raw_data":{"FileName":"main.tf","StartLine":62,"EndLine":67}},{"address":"aws_lb.test","mode":"managed","type":"aws_lb","name":"test","provider_config_key":"aws","expressions":{"internal":{"constant_value":true},"load_balancer_type":{"constant_value":"application"},"name":{"constant_value":"test123"},"subnets":{"references":["aws_subnet.subnet1","aws_subnet.subnet2"]}},"schema_version":0,"raw_data":{"FileName":"main.tf","StartLine":44,"EndLine":49}},{"address":"aws_lb_listener.listener","mode":"managed","type":"aws_lb_listener","name":"listener","provider_config_key":"aws","expressions":{"default_action":[{"target_group_arn":{"references":["aws_lb_target_group.test"]},"type":{"constant_value":"forward"}}],"load_balancer_arn":{"references":["aws_lb.test"]},"port":{"constant_value":80}},"schema_version":0,"raw_data":{"FileName":"main.tf","StartLine":75,"EndLine":82}},{"address":"aws_lb_target_group.test","mode":"managed","type":"aws_lb_target_group","name":"test","provider_config_key":"aws","expressions":{"port":{"constant_value":80},"protocol":{"constant_value":"HTTP"},"target_type":{"constant_value":"instance"},"vpc_id":{"references":["aws_vpc.vpc1"]}},"schema_version":0,"raw_data":{"FileName":"main.tf","StartLine":51,"EndLine":56}},{"address":"aws_lb_target_group_attachment.attach1","mode":"managed","type":"aws_lb_target_group_attachment","name":"attach1","provider_config_key":"aws","expressions":{"port":{"constant_value":80},"target_group_arn":{"references":["aws_lb_target_group.test"]},"target_id":{"references":["aws_instance.inst1"]}},"schema_version":0,"raw_data":{"FileName":"main.tf","StartLine":69,"EndLine":73}},{"address":"aws_subnet.subnet1","mode":"managed","type":"aws_subnet","name":"subnet1","provider_config_key":"aws","expressions":{"availability_zone_id":{"references":["data.aws_availability_zones.available"]},"cidr_block":{"constant_value":"10.10.10.0/24"},"tags":{"constant_value":{"Name":"subnet1"}},"vpc_id":{"references":["aws_vpc.vpc1"]}},"schema_version":1,"raw_data":{"FileName":"main.tf","StartLine":25,"EndLine":32}},{"address":"aws_subnet.subnet2","mode":"managed","type":"aws_subnet","name":"subnet2","provider_config_key":"aws","expressions":{"availability_zone_id":{"references":["data.aws_availability_zones.available"]},"cidr_block":{"constant_value":"10.10.11.0/24"},"tags":{"constant_value":{"Name":"subnet2"}},"vpc_id":{"references":["aws_vpc.vpc1"]}},"schema_version":1,"raw_data":{"FileName":"main.tf","StartLine":34,"EndLine":42}},{"address":"aws_vpc.vpc1","mode":"managed","type":"aws_vpc","name":"vpc1","provider_config_key":"aws","expressions":{"cidr_block":{"constant_value":"10.10.0.0/16"}},"schema_version":1,"raw_data":{"FileName":"main.tf","StartLine":21,"EndLine":23}},{"address":"data.aws_ami.ubuntu","mode":"data","type":"aws_ami","name":"ubuntu","provider_config_key":"aws","expressions":{"filter":[{"name":{"constant_value":"name"},"values":{"constant_value":["ubuntu/images/hvm-ssd/ubuntu-xenial-16.04-amd64-server-*"]}},{"name":{"constant_value":"virtualization-type"},"values":{"constant_value":["hvm"]}}],"most_recent":{"constant_value":true},"owners":{"constant_value":["099720109477"]}},"schema_version":0,"raw_data":{"FileName":"main.tf","StartLine":5,"EndLine":19}},{"address":"data.aws_availability_zones.available","mode":"data","type":"aws_availability_zones","name":"available","provider_config_key":"aws","expressions":{"state":{"constant_value":"available"}},"schema_version":0,"raw_data":{"FileName":"main.tf","StartLine":1,"EndLine":3}}]}}}
