{
  "format_version": "0.1",
  "terraform_version": "0.13.4",
  "planned_values": {
    "root_module": {
      "resources": [
        {
          "address": "aws_apigatewayv2_api.mrw-api",
          "mode": "managed",
          "type": "aws_apigatewayv2_api",
          "name": "mrw-api",
          "provider_name": "registry.terraform.io/hashicorp/aws",
          "schema_version": 0,
          "values": {
            "api_key_selection_expression": "$request.header.x-api-key",
            "body": null,
            "cors_configuration": [],
            "credentials_arn": null,
            "description": null,
            "disable_execute_api_endpoint": null,
            "fail_on_warnings": null,
            "name": "mrw-http-api",
            "protocol_type": "HTTP",
            "route_key": null,
            "route_selection_expression": "$request.method $request.path",
            "tags": null,
            "target": null,
            "version": null
          }
        },
        {
          "address": "aws_apigatewayv2_integration.mrw-int-get",
          "mode": "managed",
          "type": "aws_apigatewayv2_integration",
          "name": "mrw-int-get",
          "provider_name": "registry.terraform.io/hashicorp/aws",
          "schema_version": 0,
          "values": {
            "api_id": "aws_apigatewayv2_api.mrw-api.id",
            "connection_id": "aws_apigatewayv2_vpc_link.mrw-link.id",
            "connection_type": "VPC_LINK",
            "content_handling_strategy": null,
            "credentials_arn": null,
            "description": null,
            "integration_method": "GET",
            "integration_subtype": null,
            "integration_type": "HTTP_PROXY",
            "integration_uri": "aws_lb_listener.mrw-lb-listener.arn",
            "passthrough_behavior": null,
            "payload_format_version": "1.0",
            "request_parameters": null,
            "request_templates": null,
            "response_parameters": [],
            "template_selection_expression": null,
            "tls_config": []
          }
        },
        {
          "address": "aws_apigatewayv2_route.healthcheck",
          "mode": "managed",
          "type": "aws_apigatewayv2_route",
          "name": "healthcheck",
          "provider_name": "registry.terraform.io/hashicorp/aws",
          "schema_version": 0,
          "values": {
            "api_id": "aws_apigatewayv2_api.mrw-api.id",
            "api_key_required": false,
            "authorization_scopes": null,
            "authorization_type": "NONE",
            "authorizer_id": null,
            "model_selection_expression": null,
            "operation_name": null,
            "request_models": null,
            "request_parameter": [],
            "route_key": "GET /",
            "route_response_selection_expression": null,
            "target": "integrations/aws_apigatewayv2_integration.mrw-int-get.id"
          }
        },
        {
          "address": "aws_apigatewayv2_vpc_link.mrw-link",
          "mode": "managed",
          "type": "aws_apigatewayv2_vpc_link",
          "name": "mrw-link",
          "provider_name": "registry.terraform.io/hashicorp/aws",
          "schema_version": 0,
          "values": {
            "name": "mrw-link",
            "security_group_ids": [
              "aws_security_group.allow_access.id"
            ],
            "subnet_ids": [
              "aws_subnet.nondefault_1.id",
              "aws_subnet.nondefault_2.id"
            ],
            "tags": null
          }
        },
        {
          "address": "aws_internet_gateway.gw",
          "mode": "managed",
          "type": "aws_internet_gateway",
          "name": "gw",
          "provider_name": "registry.terraform.io/hashicorp/aws",
          "schema_version": 0,
          "values": {
            "tags": {
              "Name": "main"
            },
            "tags_all": {
              "Name": "main"
            },
            "vpc_id": "aws_vpc.main.id"
          }
        },
        {
          "address": "aws_lb.alb_test",
          "mode": "managed",
          "type": "aws_lb",
          "name": "alb_test",
          "provider_name": "registry.terraform.io/hashicorp/aws",
          "schema_version": 0,
          "values": {
            "access_logs": [],
            "customer_owned_ipv4_pool": null,
            "drop_invalid_header_fields": false,
            "enable_cross_zone_load_balancing": null,
            "enable_deletion_protection": false,
            "enable_http2": true,
            "idle_timeout": 60,
            "load_balancer_type": "application",
            "name_prefix": null,
            "subnet_mapping": [],
            "subnets": [
              "aws_subnet.nondefault_1.id",
              "aws_subnet.nondefault_2.id"
            ],
            "tags": null,
            "timeouts": null
          }
        },
        {
          "address": "aws_lb_listener.mrw-lb-listener",
          "mode": "managed",
          "type": "aws_lb_listener",
          "name": "mrw-lb-listener",
          "provider_name": "registry.terraform.io/hashicorp/aws",
          "schema_version": 0,
          "values": {
            "alpn_policy": null,
            "certificate_arn": null,
            "default_action": [
              {
                "authenticate_cognito": [],
                "authenticate_oidc": [],
                "fixed_response": [],
                "forward": [],
                "order": null,
                "redirect": [
                  {
                    "host": null,
                    "path": null,
                    "port": "443",
                    "protocol": "HTTPS",
                    "query": null,
                    "status_code": "HTTP_301"
                  }
                ],
                "target_group_arn": null,
                "type": "redirect"
              }
            ],
            "load_balancer_arn": "aws_lb.alb_test.arn",
            "port": 80,
            "protocol": "HTTP",
            "tags": null,
            "timeouts": null
          }
        },
        {
          "address": "aws_route_table.public-rtb",
          "mode": "managed",
          "type": "aws_route_table",
          "name": "public-rtb",
          "provider_name": "registry.terraform.io/hashicorp/aws",
          "schema_version": 0,
          "values": {
            "route": [
              {
                "carrier_gateway_id": null,
                "cidr_block": "0.0.0.0/0",
                "destination_prefix_list_id": null,
                "egress_only_gateway_id": null,
                "gateway_id": "aws_internet_gateway.gw.id",
                "instance_id": null,
                "ipv6_cidr_block": null,
                "local_gateway_id": null,
                "nat_gateway_id": null,
                "network_interface_id": null,
                "transit_gateway_id": null,
                "vpc_endpoint_id": null,
                "vpc_peering_connection_id": null
              }
            ],
            "tags": {
              "Name": "public-rtb"
            },
            "tags_all": {
              "Name": "public-rtb"
            },
            "vpc_id": "aws_vpc.main.id"
          }
        },
        {
          "address": "aws_route_table_association.public-rtb-assoc_1",
          "mode": "managed",
          "type": "aws_route_table_association",
          "name": "public-rtb-assoc_1",
          "provider_name": "registry.terraform.io/hashicorp/aws",
          "schema_version": 0,
          "values": {
            "gateway_id": null,
            "route_table_id": "aws_route_table.public-rtb.id",
            "subnet_id": "aws_subnet.nondefault_1.id"
          }
        },
        {
          "address": "aws_route_table_association.public-rtb-assoc_2",
          "mode": "managed",
          "type": "aws_route_table_association",
          "name": "public-rtb-assoc_2",
          "provider_name": "registry.terraform.io/hashicorp/aws",
          "schema_version": 0,
          "values": {
            "gateway_id": null,
            "route_table_id": "aws_route_table.public-rtb.id",
            "subnet_id": "aws_subnet.nondefault_2.id"
          }
        },
        {
          "address": "aws_security_group.allow_access",
          "mode": "managed",
          "type": "aws_security_group",
          "name": "allow_access",
          "provider_name": "registry.terraform.io/hashicorp/aws",
          "schema_version": 1,
          "values": {
            "description": "Allow all traffic",
            "egress": [
              {
                "cidr_blocks": [
                  "0.0.0.0/0"
                ],
                "description": null,
                "from_port": 0,
                "ipv6_cidr_blocks": null,
                "prefix_list_ids": null,
                "protocol": "-1",
                "security_groups": null,
                "self": null,
                "to_port": 0
              }
            ],
            "ingress": [
              {
                "cidr_blocks": [
                  "0.0.0.0/0"
                ],
                "description": null,
                "from_port": 0,
                "ipv6_cidr_blocks": null,
                "prefix_list_ids": null,
                "protocol": "-1",
                "security_groups": null,
                "self": null,
                "to_port": 0
              }
            ],
            "name": "Allow access Security Group",
            "revoke_rules_on_delete": false,
            "tags": null,
            "timeouts": null,
            "vpc_id": "aws_vpc.main.id"
          }
        },
        {
          "address": "aws_subnet.nondefault_1",
          "mode": "managed",
          "type": "aws_subnet",
          "name": "nondefault_1",
          "provider_name": "registry.terraform.io/hashicorp/aws",
          "schema_version": 1,
          "values": {
            "assign_ipv6_address_on_creation": false,
            "availability_zone": "us-east-1a",
            "cidr_block": "10.1.1.128/25",
            "customer_owned_ipv4_pool": null,
            "ipv6_cidr_block": null,
            "map_customer_owned_ip_on_launch": null,
            "map_public_ip_on_launch": false,
            "outpost_arn": null,
            "tags": null,
            "timeouts": null,
            "vpc_id": "aws_vpc.main.id"
          }
        },
        {
          "address": "aws_subnet.nondefault_2",
          "mode": "managed",
          "type": "aws_subnet",
          "name": "nondefault_2",
          "provider_name": "registry.terraform.io/hashicorp/aws",
          "schema_version": 1,
          "values": {
            "assign_ipv6_address_on_creation": false,
            "availability_zone": "us-east-1b",
            "cidr_block": "10.1.1.0/25",
            "customer_owned_ipv4_pool": null,
            "ipv6_cidr_block": null,
            "map_customer_owned_ip_on_launch": null,
            "map_public_ip_on_launch": false,
            "outpost_arn": null,
            "tags": null,
            "timeouts": null,
            "vpc_id": "aws_vpc.main.id"
          }
        },
        {
          "address": "aws_vpc.main",
          "mode": "managed",
          "type": "aws_vpc",
          "name": "main",
          "provider_name": "registry.terraform.io/hashicorp/aws",
          "schema_version": 1,
          "values": {
            "assign_generated_ipv6_cidr_block": false,
            "cidr_block": "10.1.1.0/24",
            "enable_dns_hostnames": true,
            "enable_dns_support": true,
            "instance_tenancy": "default",
            "tags": null
          }
        }
      ]
    }
  },
  "resource_changes": [
    {
      "address": "aws_apigatewayv2_api.mrw-api",
      "mode": "managed",
      "type": "aws_apigatewayv2_api",
      "name": "mrw-api",
      "provider_name": "registry.terraform.io/hashicorp/aws",
      "change": {
        "actions": [
          "create"
        ],
        "before": null,
        "after": {
          "api_key_selection_expression": "$request.header.x-api-key",
          "body": null,
          "cors_configuration": [],
          "credentials_arn": null,
          "description": null,
          "disable_execute_api_endpoint": null,
          "fail_on_warnings": null,
          "name": "mrw-http-api",
          "protocol_type": "HTTP",
          "route_key": null,
          "route_selection_expression": "$request.method $request.path",
          "tags": null,
          "target": null,
          "version": null
        },
        "after_unknown": {
          "api_endpoint": true,
          "arn": true,
          "cors_configuration": [],
          "execution_arn": true,
          "id": true,
          "tags_all": true
        }
      }
    },
    {
      "address": "aws_apigatewayv2_integration.mrw-int-get",
      "mode": "managed",
      "type": "aws_apigatewayv2_integration",
      "name": "mrw-int-get",
      "provider_name": "registry.terraform.io/hashicorp/aws",
      "change": {
        "actions": [
          "create"
        ],
        "before": null,
        "after": {
          "api_id": "aws_apigatewayv2_api.mrw-api.id",
          "connection_id": "aws_apigatewayv2_vpc_link.mrw-link.id",
          "connection_type": "VPC_LINK",
          "content_handling_strategy": null,
          "credentials_arn": null,
          "description": null,
          "integration_method": "GET",
          "integration_subtype": null,
          "integration_type": "HTTP_PROXY",
          "integration_uri": "aws_lb_listener.mrw-lb-listener.arn",
          "passthrough_behavior": null,
          "payload_format_version": "1.0",
          "request_parameters": null,
          "request_templates": null,
          "response_parameters": [],
          "template_selection_expression": null,
          "tls_config": []
        },
        "after_unknown": {
          "id": true,
          "integration_response_selection_expression": true,
          "response_parameters": [],
          "timeout_milliseconds": true,
          "tls_config": []
        }
      }
    },
    {
      "address": "aws_apigatewayv2_route.healthcheck",
      "mode": "managed",
      "type": "aws_apigatewayv2_route",
      "name": "healthcheck",
      "provider_name": "registry.terraform.io/hashicorp/aws",
      "change": {
        "actions": [
          "create"
        ],
        "before": null,
        "after": {
          "api_id": "aws_apigatewayv2_api.mrw-api.id",
          "api_key_required": false,
          "authorization_scopes": null,
          "authorization_type": "NONE",
          "authorizer_id": null,
          "model_selection_expression": null,
          "operation_name": null,
          "request_models": null,
          "request_parameter": [],
          "route_key": "GET /",
          "route_response_selection_expression": null,
          "target": "integrations/aws_apigatewayv2_integration.mrw-int-get.id"
        },
        "after_unknown": {
          "id": true,
          "request_parameter": []
        }
      }
    },
    {
      "address": "aws_apigatewayv2_vpc_link.mrw-link",
      "mode": "managed",
      "type": "aws_apigatewayv2_vpc_link",
      "name": "mrw-link",
      "provider_name": "registry.terraform.io/hashicorp/aws",
      "change": {
        "actions": [
          "create"
        ],
        "before": null,
        "after": {
          "name": "mrw-link",
          "security_group_ids": [
            "aws_security_group.allow_access.id"
          ],
          "subnet_ids": [
            "aws_subnet.nondefault_1.id",
            "aws_subnet.nondefault_2.id"
          ],
          "tags": null
        },
        "after_unknown": {
          "arn": true,
          "id": true,
          "security_group_ids": [
            false
          ],
          "subnet_ids": [
            false,
            false
          ],
          "tags_all": true
        }
      }
    },
    {
      "address": "aws_internet_gateway.gw",
      "mode": "managed",
      "type": "aws_internet_gateway",
      "name": "gw",
      "provider_name": "registry.terraform.io/hashicorp/aws",
      "change": {
        "actions": [
          "create"
        ],
        "before": null,
        "after": {
          "tags": {
            "Name": "main"
          },
          "tags_all": {
            "Name": "main"
          },
          "vpc_id": "aws_vpc.main.id"
        },
        "after_unknown": {
          "arn": true,
          "id": true,
          "owner_id": true,
          "tags": {},
          "tags_all": {}
        }
      }
    },
    {
      "address": "aws_lb.alb_test",
      "mode": "managed",
      "type": "aws_lb",
      "name": "alb_test",
      "provider_name": "registry.terraform.io/hashicorp/aws",
      "change": {
        "actions": [
          "create"
        ],
        "before": null,
        "after": {
          "access_logs": [],
          "customer_owned_ipv4_pool": null,
          "drop_invalid_header_fields": false,
          "enable_cross_zone_load_balancing": null,
          "enable_deletion_protection": false,
          "enable_http2": true,
          "idle_timeout": 60,
          "load_balancer_type": "application",
          "name_prefix": null,
          "subnet_mapping": [],
          "subnets": [
            "aws_subnet.nondefault_1.id",
            "aws_subnet.nondefault_2.id"
          ],
          "tags": null,
          "timeouts": null
        },
        "after_unknown": {
          "access_logs": [],
          "arn": true,
          "arn_suffix": true,
          "dns_name": true,
          "id": true,
          "internal": true,
          "ip_address_type": true,
          "name": true,
          "security_groups": true,
          "subnet_mapping": [],
          "subnets": [
            false,
            false
          ],
          "tags_all": true,
          "vpc_id": true,
          "zone_id": true
        }
      }
    },
    {
      "address": "aws_lb_listener.mrw-lb-listener",
      "mode": "managed",
      "type": "aws_lb_listener",
      "name": "mrw-lb-listener",
      "provider_name": "registry.terraform.io/hashicorp/aws",
      "change": {
        "actions": [
          "create"
        ],
        "before": null,
        "after": {
          "alpn_policy": null,
          "certificate_arn": null,
          "default_action": [
            {
              "authenticate_cognito": [],
              "authenticate_oidc": [],
              "fixed_response": [],
              "forward": [],
              "order": null,
              "redirect": [
                {
                  "host": null,
                  "path": null,
                  "port": "443",
                  "protocol": "HTTPS",
                  "query": null,
                  "status_code": "HTTP_301"
                }
              ],
              "target_group_arn": null,
              "type": "redirect"
            }
          ],
          "load_balancer_arn": "aws_lb.alb_test.arn",
          "port": 80,
          "protocol": "HTTP",
          "tags": null,
          "timeouts": null
        },
        "after_unknown": {
          "arn": true,
          "default_action": [
            {
              "authenticate_cognito": [],
              "authenticate_oidc": [],
              "fixed_response": [],
              "forward": [],
              "redirect": [
                {}
              ]
            }
          ],
          "id": true,
          "ssl_policy": true,
          "tags_all": true
        }
      }
    },
    {
      "address": "aws_route_table.public-rtb",
      "mode": "managed",
      "type": "aws_route_table",
      "name": "public-rtb",
      "provider_name": "registry.terraform.io/hashicorp/aws",
      "change": {
        "actions": [
          "create"
        ],
        "before": null,
        "after": {
          "route": [
            {
              "carrier_gateway_id": null,
              "cidr_block": "0.0.0.0/0",
              "destination_prefix_list_id": null,
              "egress_only_gateway_id": null,
              "gateway_id": "aws_internet_gateway.gw.id",
              "instance_id": null,
              "ipv6_cidr_block": null,
              "local_gateway_id": null,
              "nat_gateway_id": null,
              "network_interface_id": null,
              "transit_gateway_id": null,
              "vpc_endpoint_id": null,
              "vpc_peering_connection_id": null
            }
          ],
          "tags": {
            "Name": "public-rtb"
          },
          "tags_all": {
            "Name": "public-rtb"
          },
          "vpc_id": "aws_vpc.main.id"
        },
        "after_unknown": {
          "arn": true,
          "id": true,
          "owner_id": true,
          "propagating_vgws": true,
          "route": [
            {}
          ],
          "tags": {},
          "tags_all": {}
        }
      }
    },
    {
      "address": "aws_route_table_association.public-rtb-assoc_1",
      "mode": "managed",
      "type": "aws_route_table_association",
      "name": "public-rtb-assoc_1",
      "provider_name": "registry.terraform.io/hashicorp/aws",
      "change": {
        "actions": [
          "create"
        ],
        "before": null,
        "after": {
          "gateway_id": null,
          "route_table_id": "aws_route_table.public-rtb.id",
          "subnet_id": "aws_subnet.nondefault_1.id"
        },
        "after_unknown": {
          "id": true
        }
      }
    },
    {
      "address": "aws_route_table_association.public-rtb-assoc_2",
      "mode": "managed",
      "type": "aws_route_table_association",
      "name": "public-rtb-assoc_2",
      "provider_name": "registry.terraform.io/hashicorp/aws",
      "change": {
        "actions": [
          "create"
        ],
        "before": null,
        "after": {
          "gateway_id": null,
          "route_table_id": "aws_route_table.public-rtb.id",
          "subnet_id": "aws_subnet.nondefault_2.id"
        },
        "after_unknown": {
          "id": true
        }
      }
    },
    {
      "address": "aws_security_group.allow_access",
      "mode": "managed",
      "type": "aws_security_group",
      "name": "allow_access",
      "provider_name": "registry.terraform.io/hashicorp/aws",
      "change": {
        "actions": [
          "create"
        ],
        "before": null,
        "after": {
          "description": "Allow all traffic",
          "egress": [
            {
              "cidr_blocks": [
                "0.0.0.0/0"
              ],
              "description": null,
              "from_port": 0,
              "ipv6_cidr_blocks": null,
              "prefix_list_ids": null,
              "protocol": "-1",
              "security_groups": null,
              "self": null,
              "to_port": 0
            }
          ],
          "ingress": [
            {
              "cidr_blocks": [
                "0.0.0.0/0"
              ],
              "description": null,
              "from_port": 0,
              "ipv6_cidr_blocks": null,
              "prefix_list_ids": null,
              "protocol": "-1",
              "security_groups": null,
              "self": null,
              "to_port": 0
            }
          ],
          "name": "Allow access Security Group",
          "revoke_rules_on_delete": false,
          "tags": null,
          "timeouts": null,
          "vpc_id": "aws_vpc.main.id"
        },
        "after_unknown": {
          "arn": true,
          "egress": [
            {
              "cidr_blocks": [
                false
              ]
            }
          ],
          "id": true,
          "ingress": [
            {
              "cidr_blocks": [
                false
              ]
            }
          ],
          "name_prefix": true,
          "owner_id": true,
          "tags_all": true
        }
      }
    },
    {
      "address": "aws_subnet.nondefault_1",
      "mode": "managed",
      "type": "aws_subnet",
      "name": "nondefault_1",
      "provider_name": "registry.terraform.io/hashicorp/aws",
      "change": {
        "actions": [
          "create"
        ],
        "before": null,
        "after": {
          "assign_ipv6_address_on_creation": false,
          "availability_zone": "us-east-1a",
          "cidr_block": "10.1.1.128/25",
          "customer_owned_ipv4_pool": null,
          "ipv6_cidr_block": null,
          "map_customer_owned_ip_on_launch": null,
          "map_public_ip_on_launch": false,
          "outpost_arn": null,
          "tags": null,
          "timeouts": null,
          "vpc_id": "aws_vpc.main.id"
        },
        "after_unknown": {
          "arn": true,
          "availability_zone_id": true,
          "id": true,
          "ipv6_cidr_block_association_id": true,
          "owner_id": true,
          "tags_all": true
        }
      }
    },
    {
      "address": "aws_subnet.nondefault_2",
      "mode": "managed",
      "type": "aws_subnet",
      "name": "nondefault_2",
      "provider_name": "registry.terraform.io/hashicorp/aws",
      "change": {
        "actions": [
          "create"
        ],
        "before": null,
        "after": {
          "assign_ipv6_address_on_creation": false,
          "availability_zone": "us-east-1b",
          "cidr_block": "10.1.1.0/25",
          "customer_owned_ipv4_pool": null,
          "ipv6_cidr_block": null,
          "map_customer_owned_ip_on_launch": null,
          "map_public_ip_on_launch": false,
          "outpost_arn": null,
          "tags": null,
          "timeouts": null,
          "vpc_id": "aws_vpc.main.id"
        },
        "after_unknown": {
          "arn": true,
          "availability_zone_id": true,
          "id": true,
          "ipv6_cidr_block_association_id": true,
          "owner_id": true,
          "tags_all": true
        }
      }
    },
    {
      "address": "aws_vpc.main",
      "mode": "managed",
      "type": "aws_vpc",
      "name": "main",
      "provider_name": "registry.terraform.io/hashicorp/aws",
      "change": {
        "actions": [
          "create"
        ],
        "before": null,
        "after": {
          "assign_generated_ipv6_cidr_block": false,
          "cidr_block": "10.1.1.0/24",
          "enable_dns_hostnames": true,
          "enable_dns_support": true,
          "instance_tenancy": "default",
          "tags": null
        },
        "after_unknown": {
          "arn": true,
          "default_network_acl_id": true,
          "default_route_table_id": true,
          "default_security_group_id": true,
          "dhcp_options_id": true,
          "enable_classiclink": true,
          "enable_classiclink_dns_support": true,
          "id": true,
          "ipv6_association_id": true,
          "ipv6_cidr_block": true,
          "main_route_table_id": true,
          "owner_id": true,
          "tags_all": true
        }
      }
    }
  ],
  "configuration": {
    "provider_config": {
      "aws": {
        "name": "aws",
        "expressions": {
          "region": {
            "constant_value": "us-east-1"
          }
        }
      }
    },
    "root_module": {
      "resources": [
        {
          "address": "aws_apigatewayv2_api.mrw-api",
          "mode": "managed",
          "type": "aws_apigatewayv2_api",
          "name": "mrw-api",
          "provider_config_key": "aws",
          "expressions": {
            "name": {
              "constant_value": "mrw-http-api"
            },
            "protocol_type": {
              "constant_value": "HTTP"
            }
          },
          "schema_version": 0,
          "raw_data": {
            "FileName": "main.tf",
            "StartLine": 93,
            "EndLine": 96
          }
        },
        {
          "address": "aws_apigatewayv2_integration.mrw-int-get",
          "mode": "managed",
          "type": "aws_apigatewayv2_integration",
          "name": "mrw-int-get",
          "provider_config_key": "aws",
          "expressions": {
            "api_id": {
              "references": [
                "aws_apigatewayv2_api.mrw-api"
              ]
            },
            "connection_id": {
              "references": [
                "aws_apigatewayv2_vpc_link.mrw-link"
              ]
            },
            "connection_type": {
              "constant_value": "VPC_LINK"
            },
            "integration_method": {
              "constant_value": "GET"
            },
            "integration_type": {
              "constant_value": "HTTP_PROXY"
            },
            "integration_uri": {
              "references": [
                "aws_lb_listener.mrw-lb-listener"
              ]
            }
          },
          "schema_version": 0,
          "raw_data": {
            "FileName": "main.tf",
            "StartLine": 111,
            "EndLine": 119
          }
        },
        {
          "address": "aws_apigatewayv2_route.healthcheck",
          "mode": "managed",
          "type": "aws_apigatewayv2_route",
          "name": "healthcheck",
          "provider_config_key": "aws",
          "expressions": {
            "api_id": {
              "references": [
                "aws_apigatewayv2_api.mrw-api"
              ]
            },
            "route_key": {
              "constant_value": "GET /"
            },
            "target": {
              "references": [
                "aws_apigatewayv2_integration.mrw-int-get"
              ]
            }
          },
          "schema_version": 0,
          "raw_data": {
            "FileName": "main.tf",
            "StartLine": 105,
            "EndLine": 109
          }
        },
        {
          "address": "aws_apigatewayv2_vpc_link.mrw-link",
          "mode": "managed",
          "type": "aws_apigatewayv2_vpc_link",
          "name": "mrw-link",
          "provider_config_key": "aws",
          "expressions": {
            "name": {
              "constant_value": "mrw-link"
            },
            "security_group_ids": {
              "references": [
                "aws_security_group.allow_access"
              ]
            },
            "subnet_ids": {
              "references": [
                "aws_subnet.nondefault_1",
                "aws_subnet.nondefault_2"
              ]
            }
          },
          "schema_version": 0,
          "raw_data": {
            "FileName": "main.tf",
            "StartLine": 98,
            "EndLine": 103
          }
        },
        {
          "address": "aws_internet_gateway.gw",
          "mode": "managed",
          "type": "aws_internet_gateway",
          "name": "gw",
          "provider_config_key": "aws",
          "expressions": {
            "tags": {
              "constant_value": {
                "Name": "main"
              }
            },
            "vpc_id": {
              "references": [
                "aws_vpc.main"
              ]
            }
          },
          "schema_version": 0,
          "raw_data": {
            "FileName": "main.tf",
            "StartLine": 41,
            "EndLine": 47
          }
        },
        {
          "address": "aws_lb.alb_test",
          "mode": "managed",
          "type": "aws_lb",
          "name": "alb_test",
          "provider_config_key": "aws",
          "expressions": {
            "load_balancer_type": {
              "constant_value": "application"
            },
            "subnets": {
              "references": [
                "aws_subnet.nondefault_1",
                "aws_subnet.nondefault_2"
              ]
            }
          },
          "schema_version": 0,
          "raw_data": {
            "FileName": "main.tf",
            "StartLine": 73,
            "EndLine": 76
          }
        },
        {
          "address": "aws_lb_listener.mrw-lb-listener",
          "mode": "managed",
          "type": "aws_lb_listener",
          "name": "mrw-lb-listener",
          "provider_config_key": "aws",
          "expressions": {
            "default_action": [
              {
                "redirect": [
                  {
                    "port": {
                      "constant_value": "443"
                    },
                    "protocol": {
                      "constant_value": "HTTPS"
                    },
                    "status_code": {
                      "constant_value": "HTTP_301"
                    }
                  }
                ],
                "type": {
                  "constant_value": "redirect"
                }
              }
            ],
            "load_balancer_arn": {
              "references": [
                "aws_lb.alb_test"
              ]
            },
            "port": {
              "constant_value": "80"
            },
            "protocol": {
              "constant_value": "HTTP"
            }
          },
          "schema_version": 0,
          "raw_data": {
            "FileName": "main.tf",
            "StartLine": 78,
            "EndLine": 91
          }
        },
        {
          "address": "aws_route_table.public-rtb",
          "mode": "managed",
          "type": "aws_route_table",
          "name": "public-rtb",
          "provider_config_key": "aws",
          "expressions": {
            "tags": {
              "constant_value": {
                "Name": "public-rtb"
              }
            },
            "vpc_id": {
              "references": [
                "aws_vpc.main"
              ]
            }
          },
          "schema_version": 0,
          "raw_data": {
            "FileName": "main.tf",
            "StartLine": 49,
            "EndLine": 60
          }
        },
        {
          "address": "aws_route_table_association.public-rtb-assoc_1",
          "mode": "managed",
          "type": "aws_route_table_association",
          "name": "public-rtb-assoc_1",
          "provider_config_key": "aws",
          "expressions": {
            "route_table_id": {
              "references": [
                "aws_route_table.public-rtb"
              ]
            },
            "subnet_id": {
              "references": [
                "aws_subnet.nondefault_1"
              ]
            }
          },
          "schema_version": 0,
          "raw_data": {
            "FileName": "main.tf",
            "StartLine": 62,
            "EndLine": 65
          }
        },
        {
          "address": "aws_route_table_association.public-rtb-assoc_2",
          "mode": "managed",
          "type": "aws_route_table_association",
          "name": "public-rtb-assoc_2",
          "provider_config_key": "aws",
          "expressions": {
            "route_table_id": {
              "references": [
                "aws_route_table.public-rtb"
              ]
            },
            "subnet_id": {
              "references": [
                "aws_subnet.nondefault_2"
              ]
            }
          },
          "schema_version": 0,
          "raw_data": {
            "FileName": "main.tf",
            "StartLine": 67,
            "EndLine": 70
          }
        },
        {
          "address": "aws_security_group.allow_access",
          "mode": "managed",
          "type": "aws_security_group",
          "name": "allow_access",
          "provider_config_key": "aws",
          "expressions": {
            "description": {
              "constant_value": "Allow all traffic"
            },
            "name": {
              "constant_value": "Allow access Security Group"
            },
            "vpc_id": {
              "references": [
                "aws_vpc.main"
              ]
            }
          },
          "schema_version": 1,
          "raw_data": {
            "FileName": "main.tf",
            "StartLine": 20,
            "EndLine": 39
          }
        },
        {
          "address": "aws_subnet.nondefault_1",
          "mode": "managed",
          "type": "aws_subnet",
          "name": "nondefault_1",
          "provider_config_key": "aws",
          "expressions": {
            "availability_zone": {
              "constant_value": "us-east-1a"
            },
            "cidr_block": {
              "constant_value": "10.1.1.128/25"
            },
            "vpc_id": {
              "references": [
                "aws_vpc.main"
              ]
            }
          },
          "schema_version": 1,
          "raw_data": {
            "FileName": "main.tf",
            "StartLine": 8,
            "EndLine": 12
          }
        },
        {
          "address": "aws_subnet.nondefault_2",
          "mode": "managed",
          "type": "aws_subnet",
          "name": "nondefault_2",
          "provider_config_key": "aws",
          "expressions": {
            "availability_zone": {
              "constant_value": "us-east-1b"
            },
            "cidr_block": {
              "constant_value": "10.1.1.0/25"
            },
            "vpc_id": {
              "references": [
                "aws_vpc.main"
              ]
            }
          },
          "schema_version": 1,
          "raw_data": {
            "FileName": "main.tf",
            "StartLine": 14,
            "EndLine": 18
          }
        },
        {
          "address": "aws_vpc.main",
          "mode": "managed",
          "type": "aws_vpc",
          "name": "main",
          "provider_config_key": "aws",
          "expressions": {
            "cidr_block": {
              "constant_value": "10.1.1.0/24"
            },
            "enable_dns_hostnames": {
              "constant_value": true
            }
          },
          "schema_version": 1,
          "raw_data": {
            "FileName": "main.tf",
            "StartLine": 2,
            "EndLine": 6
          }
        }
      ]
    }
  }
}
