{"format_version":"0.1","terraform_version":"0.13.4","planned_values":{"root_module":{"resources":[{"address":"aws_internet_gateway.igw1","mode":"managed","type":"aws_internet_gateway","name":"igw1","provider_name":"registry.terraform.io/hashicorp/aws","schema_version":0,"values":{"tags":null,"vpc_id":"aws_vpc.vpc1.id"}},{"address":"aws_lb.alb_test","mode":"managed","type":"aws_lb","name":"alb_test","provider_name":"registry.terraform.io/hashicorp/aws","schema_version":0,"values":{"access_logs":[],"customer_owned_ipv4_pool":null,"drop_invalid_header_fields":false,"enable_cross_zone_load_balancing":null,"enable_deletion_protection":false,"enable_http2":true,"idle_timeout":60,"load_balancer_type":"application","name_prefix":null,"subnet_mapping":[],"subnets":["aws_subnet.subnet1.id","aws_subnet.subnet2.id"],"tags":null,"timeouts":null}},{"address":"aws_lb_listener.lb_listener_test","mode":"managed","type":"aws_lb_listener","name":"lb_listener_test","provider_name":"registry.terraform.io/hashicorp/aws","schema_version":0,"values":{"alpn_policy":null,"certificate_arn":null,"default_action":[{"authenticate_cognito":[],"authenticate_oidc":[],"fixed_response":[],"forward":[],"order":null,"redirect":[{"host":null,"path":null,"port":"443","protocol":"HTTPS","query":null,"status_code":"HTTP_301"}],"target_group_arn":null,"type":"redirect"}],"load_balancer_arn":"aws_lb.alb_test.arn","port":80,"protocol":"HTTP","tags":null,"timeouts":null}},{"address":"aws_lb_target_group.test","mode":"managed","type":"aws_lb_target_group","name":"test","provider_name":"registry.terraform.io/hashicorp/aws","schema_version":0,"values":{"deregistration_delay":300,"health_check":[],"lambda_multi_value_headers_enabled":false,"name_prefix":null,"port":80,"protocol":"HTTP","proxy_protocol_v2":false,"slow_start":0,"stickiness":[],"tags":null,"target_type":"instance","vpc_id":"aws_vpc.vpc1.id"}},{"address":"aws_route_table.rt1","mode":"managed","type":"aws_route_table","name":"rt1","provider_name":"registry.terraform.io/hashicorp/aws","schema_version":0,"values":{"route":[{"carrier_gateway_id":null,"cidr_block":"0.0.0.0/0","destination_prefix_list_id":null,"egress_only_gateway_id":null,"gateway_id":"aws_internet_gateway.igw1.id","instance_id":null,"ipv6_cidr_block":null,"local_gateway_id":null,"nat_gateway_id":null,"network_interface_id":null,"transit_gateway_id":null,"vpc_endpoint_id":null,"vpc_peering_connection_id":null}],"tags":null,"vpc_id":"aws_vpc.vpc1.id"}},{"address":"aws_route_table_association.assoc1","mode":"managed","type":"aws_route_table_association","name":"assoc1","provider_name":"registry.terraform.io/hashicorp/aws","schema_version":0,"values":{"gateway_id":null,"route_table_id":"aws_route_table.rt1.id","subnet_id":"aws_subnet.subnet1.id"}},{"address":"aws_route_table_association.assoc2","mode":"managed","type":"aws_route_table_association","name":"assoc2","provider_name":"registry.terraform.io/hashicorp/aws","schema_version":0,"values":{"gateway_id":null,"route_table_id":"aws_route_table.rt1.id","subnet_id":"aws_subnet.subnet2.id"}},{"address":"aws_subnet.subnet1","mode":"managed","type":"aws_subnet","name":"subnet1","provider_name":"registry.terraform.io/hashicorp/aws","schema_version":1,"values":{"assign_ipv6_address_on_creation":false,"availability_zone_id":"use1-az1","cidr_block":"10.10.10.0/24","customer_owned_ipv4_pool":null,"ipv6_cidr_block":null,"map_customer_owned_ip_on_launch":null,"map_public_ip_on_launch":false,"outpost_arn":null,"tags":{"Environment":"Testing_default_tf_tags","Name":"subnet1"},"tags_all":{"Environment":"Testing_default_tf_tags","Name":"subnet1"},"timeouts":null,"vpc_id":"aws_vpc.vpc1.id"}},{"address":"aws_subnet.subnet2","mode":"managed","type":"aws_subnet","name":"subnet2","provider_name":"registry.terraform.io/hashicorp/aws","schema_version":1,"values":{"assign_ipv6_address_on_creation":false,"availability_zone_id":"use1-az2","cidr_block":"10.10.11.0/24","customer_owned_ipv4_pool":null,"ipv6_cidr_block":null,"map_customer_owned_ip_on_launch":null,"map_public_ip_on_launch":false,"outpost_arn":null,"tags":{"Environment":"Testing_default_tf_tags","Name":"subnet2"},"tags_all":{"Environment":"Testing_default_tf_tags","Name":"subnet2"},"timeouts":null,"vpc_id":"aws_vpc.vpc1.id"}},{"address":"aws_vpc.vpc1","mode":"managed","type":"aws_vpc","name":"vpc1","provider_name":"registry.terraform.io/hashicorp/aws","schema_version":1,"values":{"assign_generated_ipv6_cidr_block":false,"cidr_block":"10.10.0.0/16","enable_dns_support":true,"instance_tenancy":"default","tags":{"Environment":"Testing_default_tf_tags","Name":"Provider Tag"},"tags_all":{"Environment":"Testing_default_tf_tags","Name":"Provider Tag"}}}]}},"resource_changes":[{"address":"aws_internet_gateway.igw1","mode":"managed","type":"aws_internet_gateway","name":"igw1","provider_name":"registry.terraform.io/hashicorp/aws","change":{"actions":["create"],"before":null,"after":{"tags":null,"vpc_id":"aws_vpc.vpc1.id"},"after_unknown":{"arn":true,"id":true,"owner_id":true,"tags_all":true}}},{"address":"aws_lb.alb_test","mode":"managed","type":"aws_lb","name":"alb_test","provider_name":"registry.terraform.io/hashicorp/aws","change":{"actions":["create"],"before":null,"after":{"access_logs":[],"customer_owned_ipv4_pool":null,"drop_invalid_header_fields":false,"enable_cross_zone_load_balancing":null,"enable_deletion_protection":false,"enable_http2":true,"idle_timeout":60,"load_balancer_type":"application","name_prefix":null,"subnet_mapping":[],"subnets":["aws_subnet.subnet1.id","aws_subnet.subnet2.id"],"tags":null,"timeouts":null},"after_unknown":{"access_logs":[],"arn":true,"arn_suffix":true,"dns_name":true,"id":true,"internal":true,"ip_address_type":true,"name":true,"security_groups":true,"subnet_mapping":[],"subnets":[false,false],"tags_all":true,"vpc_id":true,"zone_id":true}}},{"address":"aws_lb_listener.lb_listener_test","mode":"managed","type":"aws_lb_listener","name":"lb_listener_test","provider_name":"registry.terraform.io/hashicorp/aws","change":{"actions":["create"],"before":null,"after":{"alpn_policy":null,"certificate_arn":null,"default_action":[{"authenticate_cognito":[],"authenticate_oidc":[],"fixed_response":[],"forward":[],"order":null,"redirect":[{"host":null,"path":null,"port":"443","protocol":"HTTPS","query":null,"status_code":"HTTP_301"}],"target_group_arn":null,"type":"redirect"}],"load_balancer_arn":"aws_lb.alb_test.arn","port":80,"protocol":"HTTP","tags":null,"timeouts":null},"after_unknown":{"arn":true,"default_action":[{"authenticate_cognito":[],"authenticate_oidc":[],"fixed_response":[],"forward":[],"redirect":[{}]}],"id":true,"ssl_policy":true,"tags_all":true}}},{"address":"aws_lb_target_group.test","mode":"managed","type":"aws_lb_target_group","name":"test","provider_name":"registry.terraform.io/hashicorp/aws","change":{"actions":["create"],"before":null,"after":{"deregistration_delay":300,"health_check":[],"lambda_multi_value_headers_enabled":false,"name_prefix":null,"port":80,"protocol":"HTTP","proxy_protocol_v2":false,"slow_start":0,"stickiness":[],"tags":null,"target_type":"instance","vpc_id":"aws_vpc.vpc1.id"},"after_unknown":{"arn":true,"arn_suffix":true,"health_check":[],"id":true,"load_balancing_algorithm_type":true,"name":true,"preserve_client_ip":true,"protocol_version":true,"stickiness":[],"tags_all":true}}},{"address":"aws_route_table.rt1","mode":"managed","type":"aws_route_table","name":"rt1","provider_name":"registry.terraform.io/hashicorp/aws","change":{"actions":["create"],"before":null,"after":{"route":[{"carrier_gateway_id":null,"cidr_block":"0.0.0.0/0","destination_prefix_list_id":null,"egress_only_gateway_id":null,"gateway_id":"aws_internet_gateway.igw1.id","instance_id":null,"ipv6_cidr_block":null,"local_gateway_id":null,"nat_gateway_id":null,"network_interface_id":null,"transit_gateway_id":null,"vpc_endpoint_id":null,"vpc_peering_connection_id":null}],"tags":null,"vpc_id":"aws_vpc.vpc1.id"},"after_unknown":{"arn":true,"id":true,"owner_id":true,"propagating_vgws":true,"route":[{}],"tags_all":true}}},{"address":"aws_route_table_association.assoc1","mode":"managed","type":"aws_route_table_association","name":"assoc1","provider_name":"registry.terraform.io/hashicorp/aws","change":{"actions":["create"],"before":null,"after":{"gateway_id":null,"route_table_id":"aws_route_table.rt1.id","subnet_id":"aws_subnet.subnet1.id"},"after_unknown":{"id":true}}},{"address":"aws_route_table_association.assoc2","mode":"managed","type":"aws_route_table_association","name":"assoc2","provider_name":"registry.terraform.io/hashicorp/aws","change":{"actions":["create"],"before":null,"after":{"gateway_id":null,"route_table_id":"aws_route_table.rt1.id","subnet_id":"aws_subnet.subnet2.id"},"after_unknown":{"id":true}}},{"address":"aws_subnet.subnet1","mode":"managed","type":"aws_subnet","name":"subnet1","provider_name":"registry.terraform.io/hashicorp/aws","change":{"actions":["create"],"before":null,"after":{"assign_ipv6_address_on_creation":false,"availability_zone_id":"use1-az1","cidr_block":"10.10.10.0/24","customer_owned_ipv4_pool":null,"ipv6_cidr_block":null,"map_customer_owned_ip_on_launch":null,"map_public_ip_on_launch":false,"outpost_arn":null,"tags":{"Environment":"Testing_default_tf_tags","Name":"subnet1"},"tags_all":{"Environment":"Testing_default_tf_tags","Name":"subnet1"},"timeouts":null,"vpc_id":"aws_vpc.vpc1.id"},"after_unknown":{"arn":true,"availability_zone":true,"id":true,"ipv6_cidr_block_association_id":true,"owner_id":true,"tags":{},"tags_all":{}}}},{"address":"aws_subnet.subnet2","mode":"managed","type":"aws_subnet","name":"subnet2","provider_name":"registry.terraform.io/hashicorp/aws","change":{"actions":["create"],"before":null,"after":{"assign_ipv6_address_on_creation":false,"availability_zone_id":"use1-az2","cidr_block":"10.10.11.0/24","customer_owned_ipv4_pool":null,"ipv6_cidr_block":null,"map_customer_owned_ip_on_launch":null,"map_public_ip_on_launch":false,"outpost_arn":null,"tags":{"Environment":"Testing_default_tf_tags","Name":"subnet2"},"tags_all":{"Environment":"Testing_default_tf_tags","Name":"subnet2"},"timeouts":null,"vpc_id":"aws_vpc.vpc1.id"},"after_unknown":{"arn":true,"availability_zone":true,"id":true,"ipv6_cidr_block_association_id":true,"owner_id":true,"tags":{},"tags_all":{}}}},{"address":"aws_vpc.vpc1","mode":"managed","type":"aws_vpc","name":"vpc1","provider_name":"registry.terraform.io/hashicorp/aws","change":{"actions":["create"],"before":null,"after":{"assign_generated_ipv6_cidr_block":false,"cidr_block":"10.10.0.0/16","enable_dns_support":true,"instance_tenancy":"default","tags":{"Environment":"Testing_default_tf_tags","Name":"Provider Tag"},"tags_all":{"Environment":"Testing_default_tf_tags","Name":"Provider Tag"}},"after_unknown":{"arn":true,"default_network_acl_id":true,"default_route_table_id":true,"default_security_group_id":true,"dhcp_options_id":true,"enable_classiclink":true,"enable_classiclink_dns_support":true,"enable_dns_hostnames":true,"id":true,"ipv6_association_id":true,"ipv6_cidr_block":true,"main_route_table_id":true,"owner_id":true,"tags":{},"tags_all":{}}}}],"prior_state":{"format_version":"0.1","terraform_version":"0.13.4","values":{"root_module":{"resources":[{"address":"data.aws_availability_zones.available","mode":"data","type":"aws_availability_zones","name":"available","provider_name":"registry.terraform.io/hashicorp/aws","schema_version":0,"values":{"all_availability_zones":null,"exclude_names":null,"exclude_zone_ids":null,"filter":null,"group_names":["us-east-1"],"id":"us-east-1","names":["us-east-1a","us-east-1b","us-east-1c","us-east-1d","us-east-1e","us-east-1f"],"state":"available","zone_ids":["use1-az1","use1-az2","use1-az4","use1-az6","use1-az3","use1-az5"]}}]}}},"configuration":{"provider_config":{"aws":{"name":"aws","expressions":{"region":{"constant_value":"us-east-1"}}}},"root_module":{"resources":[{"address":"aws_internet_gateway.igw1","mode":"managed","type":"aws_internet_gateway","name":"igw1","provider_config_key":"aws","expressions":{"vpc_id":{"references":["aws_vpc.vpc1"]}},"schema_version":0,"raw_data":{"FileName":"main.tf","StartLine":34,"EndLine":36}},{"address":"aws_lb.alb_test","mode":"managed","type":"aws_lb","name":"alb_test","provider_config_key":"aws","expressions":{"load_balancer_type":{"constant_value":"application"},"subnets":{"references":["aws_subnet.subnet1","aws_subnet.subnet2"]}},"schema_version":0,"raw_data":{"FileName":"main.tf","StartLine":62,"EndLine":65}},{"address":"aws_lb_listener.lb_listener_test","mode":"managed","type":"aws_lb_listener","name":"lb_listener_test","provider_config_key":"aws","expressions":{"default_action":[{"redirect":[{"port":{"constant_value":"443"},"protocol":{"constant_value":"HTTPS"},"status_code":{"constant_value":"HTTP_301"}}],"type":{"constant_value":"redirect"}}],"load_balancer_arn":{"references":["aws_lb.alb_test"]},"port":{"constant_value":"80"},"protocol":{"constant_value":"HTTP"}},"schema_version":0,"raw_data":{"FileName":"main.tf","StartLine":67,"EndLine":80}},{"address":"aws_lb_target_group.test","mode":"managed","type":"aws_lb_target_group","name":"test","provider_config_key":"aws","expressions":{"port":{"constant_value":80},"protocol":{"constant_value":"HTTP"},"vpc_id":{"references":["aws_vpc.vpc1"]}},"schema_version":0,"raw_data":{"FileName":"main.tf","StartLine":56,"EndLine":60}},{"address":"aws_route_table.rt1","mode":"managed","type":"aws_route_table","name":"rt1","provider_config_key":"aws","expressions":{"vpc_id":{"references":["aws_vpc.vpc1"]}},"schema_version":0,"raw_data":{"FileName":"main.tf","StartLine":38,"EndLine":44}},{"address":"aws_route_table_association.assoc1","mode":"managed","type":"aws_route_table_association","name":"assoc1","provider_config_key":"aws","expressions":{"route_table_id":{"references":["aws_route_table.rt1"]},"subnet_id":{"references":["aws_subnet.subnet1"]}},"schema_version":0,"raw_data":{"FileName":"main.tf","StartLine":46,"EndLine":49}},{"address":"aws_route_table_association.assoc2","mode":"managed","type":"aws_route_table_association","name":"assoc2","provider_config_key":"aws","expressions":{"route_table_id":{"references":["aws_route_table.rt1"]},"subnet_id":{"references":["aws_subnet.subnet2"]}},"schema_version":0,"raw_data":{"FileName":"main.tf","StartLine":51,"EndLine":54}},{"address":"aws_subnet.subnet1","mode":"managed","type":"aws_subnet","name":"subnet1","provider_config_key":"aws","expressions":{"availability_zone_id":{"references":["data.aws_availability_zones.available"]},"cidr_block":{"constant_value":"10.10.10.0/24"},"tags":{"constant_value":{"Environment":"Testing_default_tf_tags","Name":"subnet1"}},"vpc_id":{"references":["aws_vpc.vpc1"]}},"schema_version":1,"raw_data":{"FileName":"main.tf","StartLine":13,"EndLine":21}},{"address":"aws_subnet.subnet2","mode":"managed","type":"aws_subnet","name":"subnet2","provider_config_key":"aws","expressions":{"availability_zone_id":{"references":["data.aws_availability_zones.available"]},"cidr_block":{"constant_value":"10.10.11.0/24"},"tags":{"constant_value":{"Environment":"Testing_default_tf_tags","Name":"subnet2"}},"vpc_id":{"references":["aws_vpc.vpc1"]}},"schema_version":1,"raw_data":{"FileName":"main.tf","StartLine":23,"EndLine":32}},{"address":"aws_vpc.vpc1","mode":"managed","type":"aws_vpc","name":"vpc1","provider_config_key":"aws","expressions":{"cidr_block":{"constant_value":"10.10.0.0/16"},"tags":{"constant_value":{"Environment":"Testing_default_tf_tags","Name":"Provider Tag"}}},"schema_version":1,"raw_data":{"FileName":"main.tf","StartLine":1,"EndLine":7}},{"address":"data.aws_availability_zones.available","mode":"data","type":"aws_availability_zones","name":"available","provider_config_key":"aws","expressions":{"state":{"constant_value":"available"}},"schema_version":0,"raw_data":{"FileName":"main.tf","StartLine":9,"EndLine":11}}]}}}
