{"format_version":"0.1","terraform_version":"0.12.29","planned_values":{"outputs":{"keybase_password_decrypt_command":{"sensitive":false,"value":"echo \"module.iam_user.aws_iam_user_login_profile.this[0].encrypted_password\" | base64 --decode | keybase pgp decrypt\n"},"keybase_password_pgp_message":{"sensitive":false,"value":"-----BEGIN PGP MESSAGE-----\nVersion: Keybase OpenPGP v2.0.76\nComment: https://keybase.io/crypto\n\nmodule.iam_user.aws_iam_user_login_profile.this[0].encrypted_password\n-----END PGP MESSAGE-----\n"},"keybase_secret_key_decrypt_command":{"sensitive":false,"value":"echo \"module.iam_user.aws_iam_access_key.this[0].encrypted_secret\" | base64 --decode | keybase pgp decrypt\n"},"keybase_secret_key_pgp_message":{"sensitive":false,"value":"-----BEGIN PGP MESSAGE-----\nVersion: Keybase OpenPGP v2.0.76\nComment: https://keybase.io/crypto\n\nmodule.iam_user.aws_iam_access_key.this[0].encrypted_secret\n-----END PGP MESSAGE-----\n"},"pgp_key":{"sensitive":false,"value":""},"this_iam_access_key_encrypted_secret":{"sensitive":false,"value":"module.iam_user.aws_iam_access_key.this[0].encrypted_secret"},"this_iam_access_key_id":{"sensitive":false,"value":"module.iam_user.aws_iam_access_key.this[0].id"},"this_iam_access_key_key_fingerprint":{"sensitive":false,"value":"module.iam_user.aws_iam_access_key.this[0].key_fingerprint"},"this_iam_access_key_secret":{"sensitive":false,"value":""},"this_iam_access_key_ses_smtp_password_v4":{"sensitive":false,"value":"module.iam_user.aws_iam_access_key.this[0].ses_smtp_password_v4"},"this_iam_access_key_status":{"sensitive":false,"value":"module.iam_user.aws_iam_access_key.this[0].status"},"this_iam_user_arn":{"sensitive":false,"value":"module.iam_user2.aws_iam_user.this[0].arn"},"this_iam_user_login_profile_encrypted_password":{"sensitive":false,"value":"module.iam_user.aws_iam_user_login_profile.this[0].encrypted_password"},"this_iam_user_login_profile_key_fingerprint":{"sensitive":false,"value":"module.iam_user.aws_iam_user_login_profile.this[0].key_fingerprint"},"this_iam_user_name":{"sensitive":false,"value":"vasya.pupkin"},"this_iam_user_ssh_key_fingerprint":{"sensitive":false,"value":"module.iam_user.aws_iam_user_ssh_key.this[0].fingerprint"},"this_iam_user_ssh_key_ssh_public_key_id":{"sensitive":false,"value":"module.iam_user.aws_iam_user_ssh_key.this[0].ssh_public_key_id"},"this_iam_user_unique_id":{"sensitive":false,"value":"module.iam_user2.aws_iam_user.this[0].unique_id"}},"root_module":{"child_modules":[{"resources":[{"address":"module.iam_user.aws_iam_access_key.this[0]","mode":"managed","type":"aws_iam_access_key","name":"this","index":0,"provider_name":"aws","schema_version":0,"values":{"pgp_key":"keybase:test","user":"vasya.pupkin"}},{"address":"module.iam_user.aws_iam_user.this[0]","mode":"managed","type":"aws_iam_user","name":"this","index":0,"provider_name":"aws","schema_version":0,"values":{"force_destroy":true,"name":"vasya.pupkin","path":"/","permissions_boundary":"","tags":null}},{"address":"module.iam_user.aws_iam_user_login_profile.this[0]","mode":"managed","type":"aws_iam_user_login_profile","name":"this","index":0,"provider_name":"aws","schema_version":0,"values":{"password_length":20,"password_reset_required":false,"pgp_key":"keybase:test","user":"vasya.pupkin"}},{"address":"module.iam_user.aws_iam_user_ssh_key.this[0]","mode":"managed","type":"aws_iam_user_ssh_key","name":"this","index":0,"provider_name":"aws","schema_version":0,"values":{"encoding":"SSH","public_key":"ssh-rsa AAAAB3NzaC1yc2EAAAABIwAAAQEA0sUjdTEcOWYgQ7ESnHsSkvPUO2tEvZxxQHUZYh9j6BPZgfn13iYhfAP2cfZznzrV+2VMamMtfiAiWR39LKo/bMN932HOp2Qx2la14IbiZ91666FD+yZ4+vhR2IVhZMe4D+g8FmhCfw1+zZhgl8vQBgsRZIcYqpYux59FcPv0lP1EhYahoRsUt1SEU2Gj+jvgyZpe15lnWk2VzfIpIsZ++AeUqyHoJHV0RVOK4MLRssqGHye6XkA3A+dMm2Mjgi8hxoL5uuwtkIsAll0kSfL5O2G26nsxm/Fpcl+SKSO4gs01d9V83xiOwviyOxmoXzwKy4qaUGtgq1hWncDNIVG/aQ==","username":"vasya.pupkin"}}],"address":"module.iam_user"},{"resources":[{"address":"module.iam_user2.aws_iam_access_key.this_no_pgp[0]","mode":"managed","type":"aws_iam_access_key","name":"this_no_pgp","index":0,"provider_name":"aws","schema_version":0,"values":{"pgp_key":null,"user":"vasya.pupkin4"}},{"address":"module.iam_user2.aws_iam_user.this[0]","mode":"managed","type":"aws_iam_user","name":"this","index":0,"provider_name":"aws","schema_version":0,"values":{"force_destroy":false,"name":"vasya.pupkin4","path":"/","permissions_boundary":"","tags":null}}],"address":"module.iam_user2"}]}},"resource_changes":[{"address":"module.iam_user.aws_iam_access_key.this[0]","module_address":"module.iam_user","mode":"managed","type":"aws_iam_access_key","name":"this","index":0,"provider_name":"aws","change":{"actions":["create"],"before":null,"after":{"pgp_key":"keybase:test","user":"vasya.pupkin"},"after_unknown":{"encrypted_secret":true,"id":true,"key_fingerprint":true,"secret":true,"ses_smtp_password_v4":true,"status":true}}},{"address":"module.iam_user.aws_iam_user.this[0]","module_address":"module.iam_user","mode":"managed","type":"aws_iam_user","name":"this","index":0,"provider_name":"aws","change":{"actions":["create"],"before":null,"after":{"force_destroy":true,"name":"vasya.pupkin","path":"/","permissions_boundary":"","tags":null},"after_unknown":{"arn":true,"id":true,"unique_id":true}}},{"address":"module.iam_user.aws_iam_user_login_profile.this[0]","module_address":"module.iam_user","mode":"managed","type":"aws_iam_user_login_profile","name":"this","index":0,"provider_name":"aws","change":{"actions":["create"],"before":null,"after":{"password_length":20,"password_reset_required":false,"pgp_key":"keybase:test","user":"vasya.pupkin"},"after_unknown":{"encrypted_password":true,"id":true,"key_fingerprint":true}}},{"address":"module.iam_user.aws_iam_user_ssh_key.this[0]","module_address":"module.iam_user","mode":"managed","type":"aws_iam_user_ssh_key","name":"this","index":0,"provider_name":"aws","change":{"actions":["create"],"before":null,"after":{"encoding":"SSH","public_key":"ssh-rsa AAAAB3NzaC1yc2EAAAABIwAAAQEA0sUjdTEcOWYgQ7ESnHsSkvPUO2tEvZxxQHUZYh9j6BPZgfn13iYhfAP2cfZznzrV+2VMamMtfiAiWR39LKo/bMN932HOp2Qx2la14IbiZ91666FD+yZ4+vhR2IVhZMe4D+g8FmhCfw1+zZhgl8vQBgsRZIcYqpYux59FcPv0lP1EhYahoRsUt1SEU2Gj+jvgyZpe15lnWk2VzfIpIsZ++AeUqyHoJHV0RVOK4MLRssqGHye6XkA3A+dMm2Mjgi8hxoL5uuwtkIsAll0kSfL5O2G26nsxm/Fpcl+SKSO4gs01d9V83xiOwviyOxmoXzwKy4qaUGtgq1hWncDNIVG/aQ==","username":"vasya.pupkin"},"after_unknown":{"fingerprint":true,"id":true,"ssh_public_key_id":true,"status":true}}},{"address":"module.iam_user2.aws_iam_access_key.this_no_pgp[0]","module_address":"module.iam_user2","mode":"managed","type":"aws_iam_access_key","name":"this_no_pgp","index":0,"provider_name":"aws","change":{"actions":["create"],"before":null,"after":{"pgp_key":null,"user":"vasya.pupkin4"},"after_unknown":{"encrypted_secret":true,"id":true,"key_fingerprint":true,"secret":true,"ses_smtp_password_v4":true,"status":true}}},{"address":"module.iam_user2.aws_iam_user.this[0]","module_address":"module.iam_user2","mode":"managed","type":"aws_iam_user","name":"this","index":0,"provider_name":"aws","change":{"actions":["create"],"before":null,"after":{"force_destroy":false,"name":"vasya.pupkin4","path":"/","permissions_boundary":"","tags":null},"after_unknown":{"arn":true,"id":true,"unique_id":true}}}],"output_changes":{"keybase_password_decrypt_command":{"actions":["create"],"before":null,"after":"echo \"module.iam_user.aws_iam_user_login_profile.this[0].encrypted_password\" | base64 --decode | keybase pgp decrypt\n","after_unknown":false},"keybase_password_pgp_message":{"actions":["create"],"before":null,"after":"-----BEGIN PGP MESSAGE-----\nVersion: Keybase OpenPGP v2.0.76\nComment: https://keybase.io/crypto\n\nmodule.iam_user.aws_iam_user_login_profile.this[0].encrypted_password\n-----END PGP MESSAGE-----\n","after_unknown":false},"keybase_secret_key_decrypt_command":{"actions":["create"],"before":null,"after":"echo \"module.iam_user.aws_iam_access_key.this[0].encrypted_secret\" | base64 --decode | keybase pgp decrypt\n","after_unknown":false},"keybase_secret_key_pgp_message":{"actions":["create"],"before":null,"after":"-----BEGIN PGP MESSAGE-----\nVersion: Keybase OpenPGP v2.0.76\nComment: https://keybase.io/crypto\n\nmodule.iam_user.aws_iam_access_key.this[0].encrypted_secret\n-----END PGP MESSAGE-----\n","after_unknown":false},"pgp_key":{"actions":["create"],"before":null,"after":"","after_unknown":false},"this_iam_access_key_encrypted_secret":{"actions":["create"],"before":null,"after":"module.iam_user.aws_iam_access_key.this[0].encrypted_secret","after_unknown":false},"this_iam_access_key_id":{"actions":["create"],"before":null,"after":"module.iam_user.aws_iam_access_key.this[0].id","after_unknown":false},"this_iam_access_key_key_fingerprint":{"actions":["create"],"before":null,"after":"module.iam_user.aws_iam_access_key.this[0].key_fingerprint","after_unknown":false},"this_iam_access_key_secret":{"actions":["create"],"before":null,"after":"","after_unknown":false},"this_iam_access_key_ses_smtp_password_v4":{"actions":["create"],"before":null,"after":"module.iam_user.aws_iam_access_key.this[0].ses_smtp_password_v4","after_unknown":false},"this_iam_access_key_status":{"actions":["create"],"before":null,"after":"module.iam_user.aws_iam_access_key.this[0].status","after_unknown":false},"this_iam_user_arn":{"actions":["create"],"before":null,"after":"module.iam_user2.aws_iam_user.this[0].arn","after_unknown":false},"this_iam_user_login_profile_encrypted_password":{"actions":["create"],"before":null,"after":"module.iam_user.aws_iam_user_login_profile.this[0].encrypted_password","after_unknown":false},"this_iam_user_login_profile_key_fingerprint":{"actions":["create"],"before":null,"after":"module.iam_user.aws_iam_user_login_profile.this[0].key_fingerprint","after_unknown":false},"this_iam_user_name":{"actions":["create"],"before":null,"after":"vasya.pupkin","after_unknown":false},"this_iam_user_ssh_key_fingerprint":{"actions":["create"],"before":null,"after":"module.iam_user.aws_iam_user_ssh_key.this[0].fingerprint","after_unknown":false},"this_iam_user_ssh_key_ssh_public_key_id":{"actions":["create"],"before":null,"after":"module.iam_user.aws_iam_user_ssh_key.this[0].ssh_public_key_id","after_unknown":false},"this_iam_user_unique_id":{"actions":["create"],"before":null,"after":"module.iam_user2.aws_iam_user.this[0].unique_id","after_unknown":false}},"prior_state":{"format_version":"0.1","terraform_version":"0.12.29","values":{"outputs":{"pgp_key":{"sensitive":false,"value":"keybase:test"}},"root_module":{}}},"configuration":{"provider_config":{"aws":{"name":"aws","expressions":{"region":{"constant_value":"eu-west-1"}}}},"root_module":{"outputs":{"keybase_password_decrypt_command":{"expression":{"references":["module.iam_user.keybase_password_decrypt_command"]},"description":"Decrypt user password command"},"keybase_password_pgp_message":{"expression":{"references":["module.iam_user.keybase_password_pgp_message"]},"description":"Encrypted password"},"keybase_secret_key_decrypt_command":{"expression":{"references":["module.iam_user.keybase_secret_key_decrypt_command"]},"description":"Decrypt access secret key command"},"keybase_secret_key_pgp_message":{"expression":{"references":["module.iam_user.keybase_secret_key_pgp_message"]},"description":"Encrypted access secret key"},"pgp_key":{"expression":{"references":["module.iam_user.pgp_key"]},"description":"PGP key used to encrypt sensitive data for this user (if empty - secrets are not encrypted)"},"this_iam_access_key_encrypted_secret":{"expression":{"references":["module.iam_user.this_iam_access_key_encrypted_secret"]},"description":"The encrypted secret, base64 encoded"},"this_iam_access_key_id":{"expression":{"references":["module.iam_user.this_iam_access_key_id"]},"description":"The access key ID"},"this_iam_access_key_key_fingerprint":{"expression":{"references":["module.iam_user.this_iam_access_key_key_fingerprint"]},"description":"The fingerprint of the PGP key used to encrypt the secret"},"this_iam_access_key_secret":{"expression":{"references":["module.iam_user.this_iam_access_key_secret"]},"description":"The access key secret"},"this_iam_access_key_ses_smtp_password_v4":{"expression":{"references":["module.iam_user.this_iam_access_key_ses_smtp_password_v4"]},"description":"The secret access key converted into an SES SMTP password"},"this_iam_access_key_status":{"expression":{"references":["module.iam_user.this_iam_access_key_status"]},"description":"Active or Inactive. Keys are initially active, but can be made inactive by other means."},"this_iam_user_arn":{"expression":{"references":["module.iam_user.this_iam_user_arn"]},"description":"The ARN assigned by AWS for this user"},"this_iam_user_login_profile_encrypted_password":{"expression":{"references":["module.iam_user.this_iam_user_login_profile_encrypted_password"]},"description":"The encrypted password, base64 encoded"},"this_iam_user_login_profile_key_fingerprint":{"expression":{"references":["module.iam_user.this_iam_user_login_profile_key_fingerprint"]},"description":"The fingerprint of the PGP key used to encrypt the password"},"this_iam_user_name":{"expression":{"references":["module.iam_user.this_iam_user_name"]},"description":"The user's name"},"this_iam_user_unique_id":{"expression":{"references":["module.iam_user.this_iam_user_unique_id"]},"description":"The unique ID assigned by AWS"}},"module_calls":{"iam_user":{"source":"../../modules/iam-user","expressions":{"force_destroy":{"constant_value":true},"name":{"constant_value":"vasya.pupkin"},"password_reset_required":{"constant_value":false},"pgp_key":{"constant_value":"keybase:test"},"ssh_public_key":{"constant_value":"ssh-rsa AAAAB3NzaC1yc2EAAAABIwAAAQEA0sUjdTEcOWYgQ7ESnHsSkvPUO2tEvZxxQHUZYh9j6BPZgfn13iYhfAP2cfZznzrV+2VMamMtfiAiWR39LKo/bMN932HOp2Qx2la14IbiZ91666FD+yZ4+vhR2IVhZMe4D+g8FmhCfw1+zZhgl8vQBgsRZIcYqpYux59FcPv0lP1EhYahoRsUt1SEU2Gj+jvgyZpe15lnWk2VzfIpIsZ++AeUqyHoJHV0RVOK4MLRssqGHye6XkA3A+dMm2Mjgi8hxoL5uuwtkIsAll0kSfL5O2G26nsxm/Fpcl+SKSO4gs01d9V83xiOwviyOxmoXzwKy4qaUGtgq1hWncDNIVG/aQ=="},"upload_iam_user_ssh_key":{"constant_value":true}},"module":{"outputs":{"keybase_password_decrypt_command":{"expression":{"references":["aws_iam_user_login_profile.this"]},"description":"Decrypt user password command"},"keybase_password_pgp_message":{"expression":{"references":["aws_iam_user_login_profile.this"]},"description":"Encrypted password"},"keybase_secret_key_decrypt_command":{"expression":{"references":["aws_iam_access_key.this"]},"description":"Decrypt access secret key command"},"keybase_secret_key_pgp_message":{"expression":{"references":["aws_iam_access_key.this"]},"description":"Encrypted access secret key"},"pgp_key":{"expression":{"references":["var.pgp_key"]},"description":"PGP key used to encrypt sensitive data for this user (if empty - secrets are not encrypted)"},"this_iam_access_key_encrypted_secret":{"expression":{"references":["aws_iam_access_key.this"]},"description":"The encrypted secret, base64 encoded"},"this_iam_access_key_id":{"expression":{"references":["aws_iam_access_key.this","aws_iam_access_key.this_no_pgp"]},"description":"The access key ID"},"this_iam_access_key_key_fingerprint":{"expression":{"references":["aws_iam_access_key.this"]},"description":"The fingerprint of the PGP key used to encrypt the secret"},"this_iam_access_key_secret":{"expression":{"references":["aws_iam_access_key.this_no_pgp"]},"description":"The access key secret"},"this_iam_access_key_ses_smtp_password_v4":{"expression":{"references":["aws_iam_access_key.this","aws_iam_access_key.this_no_pgp"]},"description":"The secret access key converted into an SES SMTP password by applying AWS's Sigv4 conversion algorithm"},"this_iam_access_key_status":{"expression":{"references":["aws_iam_access_key.this","aws_iam_access_key.this_no_pgp"]},"description":"Active or Inactive. Keys are initially active, but can be made inactive by other means."},"this_iam_user_arn":{"expression":{"references":["aws_iam_user.this"]},"description":"The ARN assigned by AWS for this user"},"this_iam_user_login_profile_encrypted_password":{"expression":{"references":["aws_iam_user_login_profile.this"]},"description":"The encrypted password, base64 encoded"},"this_iam_user_login_profile_key_fingerprint":{"expression":{"references":["aws_iam_user_login_profile.this"]},"description":"The fingerprint of the PGP key used to encrypt the password"},"this_iam_user_name":{"expression":{"references":["aws_iam_user.this"]},"description":"The user's name"},"this_iam_user_ssh_key_fingerprint":{"expression":{"references":["aws_iam_user_ssh_key.this"]},"description":"The MD5 message digest of the SSH public key"},"this_iam_user_ssh_key_ssh_public_key_id":{"expression":{"references":["aws_iam_user_ssh_key.this"]},"description":"The unique identifier for the SSH public key"},"this_iam_user_unique_id":{"expression":{"references":["aws_iam_user.this"]},"description":"The unique ID assigned by AWS"}},"resources":[{"address":"aws_iam_access_key.this","mode":"managed","type":"aws_iam_access_key","name":"this","provider_config_key":"iam_user:aws","expressions":{"pgp_key":{"references":["var.pgp_key"]},"user":{"references":["aws_iam_user.this[0]"]}},"schema_version":0,"count_expression":{"references":["var.create_user","var.create_iam_access_key","var.pgp_key"]},"raw_data":{"FileName":"../../modules/iam-user/main.tf","StartLine":20,"EndLine":25}},{"address":"aws_iam_access_key.this_no_pgp","mode":"managed","type":"aws_iam_access_key","name":"this_no_pgp","provider_config_key":"iam_user:aws","expressions":{"user":{"references":["aws_iam_user.this[0]"]}},"schema_version":0,"count_expression":{"references":["var.create_user","var.create_iam_access_key","var.pgp_key"]},"raw_data":{"FileName":"../../modules/iam-user/main.tf","StartLine":27,"EndLine":31}},{"address":"aws_iam_user.this","mode":"managed","type":"aws_iam_user","name":"this","provider_config_key":"iam_user:aws","expressions":{"force_destroy":{"references":["var.force_destroy"]},"name":{"references":["var.name"]},"path":{"references":["var.path"]},"permissions_boundary":{"references":["var.permissions_boundary"]},"tags":{"references":["var.tags"]}},"schema_version":0,"count_expression":{"references":["var.create_user"]},"raw_data":{"FileName":"../../modules/iam-user/main.tf","StartLine":1,"EndLine":9}},{"address":"aws_iam_user_login_profile.this","mode":"managed","type":"aws_iam_user_login_profile","name":"this","provider_config_key":"iam_user:aws","expressions":{"password_length":{"references":["var.password_length"]},"password_reset_required":{"references":["var.password_reset_required"]},"pgp_key":{"references":["var.pgp_key"]},"user":{"references":["aws_iam_user.this[0]"]}},"schema_version":0,"count_expression":{"references":["var.create_user","var.create_iam_user_login_profile"]},"raw_data":{"FileName":"../../modules/iam-user/main.tf","StartLine":11,"EndLine":18}},{"address":"aws_iam_user_ssh_key.this","mode":"managed","type":"aws_iam_user_ssh_key","name":"this","provider_config_key":"iam_user:aws","expressions":{"encoding":{"references":["var.ssh_key_encoding"]},"public_key":{"references":["var.ssh_public_key"]},"username":{"references":["aws_iam_user.this[0]"]}},"schema_version":0,"count_expression":{"references":["var.create_user","var.upload_iam_user_ssh_key"]},"raw_data":{"FileName":"../../modules/iam-user/main.tf","StartLine":33,"EndLine":39}}],"variables":{"create_iam_access_key":{"default":true,"description":"Whether to create IAM access key"},"create_iam_user_login_profile":{"default":true,"description":"Whether to create IAM user login profile"},"create_user":{"default":true,"description":"Whether to create the IAM user"},"force_destroy":{"default":false,"description":"When destroying this user, destroy even if it has non-Terraform-managed IAM access keys, login profile or MFA devices. Without force_destroy a user with non-Terraform-managed access keys and login profile will fail to be destroyed."},"name":{"description":"Desired name for the IAM user"},"password_length":{"default":20,"description":"The length of the generated password"},"password_reset_required":{"default":true,"description":"Whether the user should be forced to reset the generated password on first login."},"path":{"default":"/","description":"Desired path for the IAM user"},"permissions_boundary":{"default":"","description":"The ARN of the policy that is used to set the permissions boundary for the user."},"pgp_key":{"default":"","description":"Either a base-64 encoded PGP public key, or a keybase username in the form `keybase:username`. Used to encrypt password and access key. `pgp_key` is required when `create_iam_user_login_profile` is set to `true`"},"ssh_key_encoding":{"default":"SSH","description":"Specifies the public key encoding format to use in the response. To retrieve the public key in ssh-rsa format, use SSH. To retrieve the public key in PEM format, use PEM"},"ssh_public_key":{"default":"","description":"The SSH public key. The public key must be encoded in ssh-rsa format or PEM format"},"tags":{"default":{},"description":"A map of tags to add to all resources."},"upload_iam_user_ssh_key":{"default":false,"description":"Whether to upload a public ssh key to the IAM user"}}},"raw_data":{"FileName":"main.tf","StartLine":8,"EndLine":23}},"iam_user2":{"source":"../../modules/iam-user","expressions":{"create_iam_access_key":{"constant_value":true},"create_iam_user_login_profile":{"constant_value":false},"name":{"constant_value":"vasya.pupkin4"}},"module":{"outputs":{"keybase_password_decrypt_command":{"expression":{"references":["aws_iam_user_login_profile.this"]},"description":"Decrypt user password command"},"keybase_password_pgp_message":{"expression":{"references":["aws_iam_user_login_profile.this"]},"description":"Encrypted password"},"keybase_secret_key_decrypt_command":{"expression":{"references":["aws_iam_access_key.this"]},"description":"Decrypt access secret key command"},"keybase_secret_key_pgp_message":{"expression":{"references":["aws_iam_access_key.this"]},"description":"Encrypted access secret key"},"pgp_key":{"expression":{"references":["var.pgp_key"]},"description":"PGP key used to encrypt sensitive data for this user (if empty - secrets are not encrypted)"},"this_iam_access_key_encrypted_secret":{"expression":{"references":["aws_iam_access_key.this"]},"description":"The encrypted secret, base64 encoded"},"this_iam_access_key_id":{"expression":{"references":["aws_iam_access_key.this","aws_iam_access_key.this_no_pgp"]},"description":"The access key ID"},"this_iam_access_key_key_fingerprint":{"expression":{"references":["aws_iam_access_key.this"]},"description":"The fingerprint of the PGP key used to encrypt the secret"},"this_iam_access_key_secret":{"expression":{"references":["aws_iam_access_key.this_no_pgp"]},"description":"The access key secret"},"this_iam_access_key_ses_smtp_password_v4":{"expression":{"references":["aws_iam_access_key.this","aws_iam_access_key.this_no_pgp"]},"description":"The secret access key converted into an SES SMTP password by applying AWS's Sigv4 conversion algorithm"},"this_iam_access_key_status":{"expression":{"references":["aws_iam_access_key.this","aws_iam_access_key.this_no_pgp"]},"description":"Active or Inactive. Keys are initially active, but can be made inactive by other means."},"this_iam_user_arn":{"expression":{"references":["aws_iam_user.this"]},"description":"The ARN assigned by AWS for this user"},"this_iam_user_login_profile_encrypted_password":{"expression":{"references":["aws_iam_user_login_profile.this"]},"description":"The encrypted password, base64 encoded"},"this_iam_user_login_profile_key_fingerprint":{"expression":{"references":["aws_iam_user_login_profile.this"]},"description":"The fingerprint of the PGP key used to encrypt the password"},"this_iam_user_name":{"expression":{"references":["aws_iam_user.this"]},"description":"The user's name"},"this_iam_user_ssh_key_fingerprint":{"expression":{"references":["aws_iam_user_ssh_key.this"]},"description":"The MD5 message digest of the SSH public key"},"this_iam_user_ssh_key_ssh_public_key_id":{"expression":{"references":["aws_iam_user_ssh_key.this"]},"description":"The unique identifier for the SSH public key"},"this_iam_user_unique_id":{"expression":{"references":["aws_iam_user.this"]},"description":"The unique ID assigned by AWS"}},"resources":[{"address":"aws_iam_access_key.this","mode":"managed","type":"aws_iam_access_key","name":"this","provider_config_key":"iam_user2:aws","expressions":{"pgp_key":{"references":["var.pgp_key"]},"user":{"references":["aws_iam_user.this[0]"]}},"schema_version":0,"count_expression":{"references":["var.create_user","var.create_iam_access_key","var.pgp_key"]},"raw_data":{"FileName":"../../modules/iam-user/main.tf","StartLine":20,"EndLine":25}},{"address":"aws_iam_access_key.this_no_pgp","mode":"managed","type":"aws_iam_access_key","name":"this_no_pgp","provider_config_key":"iam_user2:aws","expressions":{"user":{"references":["aws_iam_user.this[0]"]}},"schema_version":0,"count_expression":{"references":["var.create_user","var.create_iam_access_key","var.pgp_key"]},"raw_data":{"FileName":"../../modules/iam-user/main.tf","StartLine":27,"EndLine":31}},{"address":"aws_iam_user.this","mode":"managed","type":"aws_iam_user","name":"this","provider_config_key":"iam_user2:aws","expressions":{"force_destroy":{"references":["var.force_destroy"]},"name":{"references":["var.name"]},"path":{"references":["var.path"]},"permissions_boundary":{"references":["var.permissions_boundary"]},"tags":{"references":["var.tags"]}},"schema_version":0,"count_expression":{"references":["var.create_user"]},"raw_data":{"FileName":"../../modules/iam-user/main.tf","StartLine":1,"EndLine":9}},{"address":"aws_iam_user_login_profile.this","mode":"managed","type":"aws_iam_user_login_profile","name":"this","provider_config_key":"iam_user2:aws","expressions":{"password_length":{"references":["var.password_length"]},"password_reset_required":{"references":["var.password_reset_required"]},"pgp_key":{"references":["var.pgp_key"]},"user":{"references":["aws_iam_user.this[0]"]}},"schema_version":0,"count_expression":{"references":["var.create_user","var.create_iam_user_login_profile"]},"raw_data":{"FileName":"../../modules/iam-user/main.tf","StartLine":11,"EndLine":18}},{"address":"aws_iam_user_ssh_key.this","mode":"managed","type":"aws_iam_user_ssh_key","name":"this","provider_config_key":"iam_user2:aws","expressions":{"encoding":{"references":["var.ssh_key_encoding"]},"public_key":{"references":["var.ssh_public_key"]},"username":{"references":["aws_iam_user.this[0]"]}},"schema_version":0,"count_expression":{"references":["var.create_user","var.upload_iam_user_ssh_key"]},"raw_data":{"FileName":"../../modules/iam-user/main.tf","StartLine":33,"EndLine":39}}],"variables":{"create_iam_access_key":{"default":true,"description":"Whether to create IAM access key"},"create_iam_user_login_profile":{"default":true,"description":"Whether to create IAM user login profile"},"create_user":{"default":true,"description":"Whether to create the IAM user"},"force_destroy":{"default":false,"description":"When destroying this user, destroy even if it has non-Terraform-managed IAM access keys, login profile or MFA devices. Without force_destroy a user with non-Terraform-managed access keys and login profile will fail to be destroyed."},"name":{"description":"Desired name for the IAM user"},"password_length":{"default":20,"description":"The length of the generated password"},"password_reset_required":{"default":true,"description":"Whether the user should be forced to reset the generated password on first login."},"path":{"default":"/","description":"Desired path for the IAM user"},"permissions_boundary":{"default":"","description":"The ARN of the policy that is used to set the permissions boundary for the user."},"pgp_key":{"default":"","description":"Either a base-64 encoded PGP public key, or a keybase username in the form `keybase:username`. Used to encrypt password and access key. `pgp_key` is required when `create_iam_user_login_profile` is set to `true`"},"ssh_key_encoding":{"default":"SSH","description":"Specifies the public key encoding format to use in the response. To retrieve the public key in ssh-rsa format, use SSH. To retrieve the public key in PEM format, use PEM"},"ssh_public_key":{"default":"","description":"The SSH public key. The public key must be encoded in ssh-rsa format or PEM format"},"tags":{"default":{},"description":"A map of tags to add to all resources."},"upload_iam_user_ssh_key":{"default":false,"description":"Whether to upload a public ssh key to the IAM user"}}},"raw_data":{"FileName":"main.tf","StartLine":28,"EndLine":35}}}}}}
