{"format_version":"0.1","terraform_version":"0.12.29","planned_values":{"root_module":{"resources":[{"address":"aws_iam_group.group","mode":"managed","type":"aws_iam_group","name":"group","provider_name":"aws","schema_version":0,"values":{"name":"test-policy-group","path":"/"}},{"address":"aws_iam_group_policy_attachment.attach-group-policy","mode":"managed","type":"aws_iam_group_policy_attachment","name":"attach-group-policy","provider_name":"aws","schema_version":0,"values":{"group":"test-policy-group","policy_arn":"arn:aws:iam::aws:policy/ReadOnlyAccess"}},{"address":"aws_iam_user.group_user","mode":"managed","type":"aws_iam_user","name":"group_user","provider_name":"aws","schema_version":0,"values":{"force_destroy":false,"name":"user_in_group","path":"/","permissions_boundary":null,"tags":null}},{"address":"aws_iam_user_group_membership.test_group","mode":"managed","type":"aws_iam_user_group_membership","name":"test_group","provider_name":"aws","schema_version":0,"values":{"groups":["test-policy-group"],"user":"user_in_group"}}]}},"resource_changes":[{"address":"aws_iam_group.group","mode":"managed","type":"aws_iam_group","name":"group","provider_name":"aws","change":{"actions":["create"],"before":null,"after":{"name":"test-policy-group","path":"/"},"after_unknown":{"arn":true,"id":true,"unique_id":true}}},{"address":"aws_iam_group_policy_attachment.attach-group-policy","mode":"managed","type":"aws_iam_group_policy_attachment","name":"attach-group-policy","provider_name":"aws","change":{"actions":["create"],"before":null,"after":{"group":"test-policy-group","policy_arn":"arn:aws:iam::aws:policy/ReadOnlyAccess"},"after_unknown":{"id":true}}},{"address":"aws_iam_user.group_user","mode":"managed","type":"aws_iam_user","name":"group_user","provider_name":"aws","change":{"actions":["create"],"before":null,"after":{"force_destroy":false,"name":"user_in_group","path":"/","permissions_boundary":null,"tags":null},"after_unknown":{"arn":true,"id":true,"unique_id":true}}},{"address":"aws_iam_user_group_membership.test_group","mode":"managed","type":"aws_iam_user_group_membership","name":"test_group","provider_name":"aws","change":{"actions":["create"],"before":null,"after":{"groups":["test-policy-group"],"user":"user_in_group"},"after_unknown":{"groups":[false],"id":true}}}],"configuration":{"provider_config":{"aws":{"name":"aws","expressions":{"region":{"constant_value":"us-east-1"}}}},"root_module":{"resources":[{"address":"aws_iam_group.group","mode":"managed","type":"aws_iam_group","name":"group","provider_config_key":"aws","expressions":{"name":{"constant_value":"test-policy-group"}},"schema_version":0,"raw_data":{"FileName":"main.tf","StartLine":9,"EndLine":11}},{"address":"aws_iam_group_policy_attachment.attach-group-policy","mode":"managed","type":"aws_iam_group_policy_attachment","name":"attach-group-policy","provider_config_key":"aws","expressions":{"group":{"references":["aws_iam_group.group"]},"policy_arn":{"constant_value":"arn:aws:iam::aws:policy/ReadOnlyAccess"}},"schema_version":0,"raw_data":{"FileName":"main.tf","StartLine":21,"EndLine":24}},{"address":"aws_iam_user.group_user","mode":"managed","type":"aws_iam_user","name":"group_user","provider_config_key":"aws","expressions":{"name":{"constant_value":"user_in_group"}},"schema_version":0,"raw_data":{"FileName":"main.tf","StartLine":5,"EndLine":7}},{"address":"aws_iam_user_group_membership.test_group","mode":"managed","type":"aws_iam_user_group_membership","name":"test_group","provider_config_key":"aws","expressions":{"groups":{"references":["aws_iam_group.group"]},"user":{"references":["aws_iam_user.group_user"]}},"schema_version":0,"raw_data":{"FileName":"main.tf","StartLine":13,"EndLine":19}}]}}}
