{"format_version":"0.2","terraform_version":"1.0.3","planned_values":{"root_module":{"resources":[{"address":"google_compute_backend_service.default","mode":"managed","type":"google_compute_backend_service","name":"default","provider_name":"registry.terraform.io/hashicorp/google","schema_version":1,"values":{"affinity_cookie_ttl_sec":null,"backend":[],"circuit_breakers":[],"connection_draining_timeout_sec":300,"consistent_hash":[],"custom_request_headers":null,"custom_response_headers":null,"description":null,"enable_cdn":null,"iap":[],"load_balancing_scheme":"EXTERNAL","locality_lb_policy":null,"name":"backend-service","outlier_detection":[],"port_name":"http","protocol":"HTTP","security_policy":null,"timeout_sec":10,"timeouts":null},"sensitive_values":{"backend":[],"cdn_policy":[],"circuit_breakers":[],"consistent_hash":[],"health_checks":[],"iap":[],"log_config":[],"outlier_detection":[]}},{"address":"google_compute_http_health_check.default","mode":"managed","type":"google_compute_http_health_check","name":"default","provider_name":"registry.terraform.io/hashicorp/google","schema_version":0,"values":{"check_interval_sec":1,"description":null,"healthy_threshold":2,"host":null,"name":"http-health-check","port":80,"request_path":"/","timeout_sec":1,"timeouts":null,"unhealthy_threshold":2},"sensitive_values":{}},{"address":"google_compute_ssl_certificate.default","mode":"managed","type":"google_compute_ssl_certificate","name":"default","provider_name":"registry.terraform.io/hashicorp/google","schema_version":0,"values":{"description":null,"name":"my-certificate","timeouts":null},"sensitive_values":{"private_key":true}},{"address":"google_compute_target_https_proxy.default","mode":"managed","type":"google_compute_target_https_proxy","name":"default","provider_name":"registry.terraform.io/hashicorp/google","schema_version":0,"values":{"description":null,"name":"test-proxy","quic_override":"NONE","ssl_policy":null,"timeouts":null},"sensitive_values":{"ssl_certificates":[]}},{"address":"google_compute_url_map.default","mode":"managed","type":"google_compute_url_map","name":"default","provider_name":"registry.terraform.io/hashicorp/google","schema_version":0,"values":{"default_route_action":[],"default_url_redirect":[],"description":null,"header_action":[],"host_rule":[{"description":"","hosts":["test.com"],"path_matcher":"allpaths"}],"name":"url-map","path_matcher":[{"default_route_action":[],"default_url_redirect":[],"description":null,"header_action":[],"name":"allpaths","path_rule":[{"paths":["/*"],"route_action":[],"url_redirect":[]}],"route_rules":[]}],"test":[],"timeouts":null},"sensitive_values":{"default_route_action":[],"default_url_redirect":[],"header_action":[],"host_rule":[{"hosts":[false]}],"path_matcher":[{"default_route_action":[],"default_url_redirect":[],"header_action":[],"path_rule":[{"paths":[false],"route_action":[],"url_redirect":[]}],"route_rules":[]}],"test":[]}},{"address":"tls_private_key.test","mode":"managed","type":"tls_private_key","name":"test","provider_name":"registry.terraform.io/hashicorp/tls","schema_version":0,"values":{"algorithm":"RSA","ecdsa_curve":"P224","rsa_bits":2048},"sensitive_values":{}},{"address":"tls_self_signed_cert.test","mode":"managed","type":"tls_self_signed_cert","name":"test","provider_name":"registry.terraform.io/hashicorp/tls","schema_version":0,"values":{"allowed_uses":["key_encipherment","digital_signature","server_auth"],"dns_names":null,"early_renewal_hours":0,"ip_addresses":null,"is_ca_certificate":null,"key_algorithm":"RSA","ready_for_renewal":true,"set_subject_key_id":null,"subject":[{"common_name":"example.com","country":null,"locality":null,"organization":"ACME Examples, Inc","organizational_unit":null,"postal_code":null,"province":null,"serial_number":null,"street_address":null}],"uris":null,"validity_period_hours":100},"sensitive_values":{"allowed_uses":[false,false,false],"private_key_pem":true,"subject":[{}]}}]}},"resource_changes":[{"address":"google_compute_backend_service.default","mode":"managed","type":"google_compute_backend_service","name":"default","provider_name":"registry.terraform.io/hashicorp/google","change":{"actions":["create"],"before":null,"after":{"affinity_cookie_ttl_sec":null,"backend":[],"circuit_breakers":[],"connection_draining_timeout_sec":300,"consistent_hash":[],"custom_request_headers":null,"custom_response_headers":null,"description":null,"enable_cdn":null,"iap":[],"load_balancing_scheme":"EXTERNAL","locality_lb_policy":null,"name":"backend-service","outlier_detection":[],"port_name":"http","protocol":"HTTP","security_policy":null,"timeout_sec":10,"timeouts":null},"after_unknown":{"backend":[],"cdn_policy":true,"circuit_breakers":[],"consistent_hash":[],"creation_timestamp":true,"fingerprint":true,"health_checks":true,"iap":[],"id":true,"log_config":true,"outlier_detection":[],"project":true,"self_link":true,"session_affinity":true},"before_sensitive":false,"after_sensitive":{"backend":[],"cdn_policy":[],"circuit_breakers":[],"consistent_hash":[],"health_checks":[],"iap":[],"log_config":[],"outlier_detection":[]}}},{"address":"google_compute_http_health_check.default","mode":"managed","type":"google_compute_http_health_check","name":"default","provider_name":"registry.terraform.io/hashicorp/google","change":{"actions":["create"],"before":null,"after":{"check_interval_sec":1,"description":null,"healthy_threshold":2,"host":null,"name":"http-health-check","port":80,"request_path":"/","timeout_sec":1,"timeouts":null,"unhealthy_threshold":2},"after_unknown":{"creation_timestamp":true,"id":true,"project":true,"self_link":true},"before_sensitive":false,"after_sensitive":{}}},{"address":"google_compute_ssl_certificate.default","mode":"managed","type":"google_compute_ssl_certificate","name":"default","provider_name":"registry.terraform.io/hashicorp/google","change":{"actions":["create"],"before":null,"after":{"description":null,"name":"my-certificate","timeouts":null},"after_unknown":{"certificate":true,"certificate_id":true,"creation_timestamp":true,"id":true,"name_prefix":true,"private_key":true,"project":true,"self_link":true},"before_sensitive":false,"after_sensitive":{"certificate":true,"private_key":true}}},{"address":"google_compute_target_https_proxy.default","mode":"managed","type":"google_compute_target_https_proxy","name":"default","provider_name":"registry.terraform.io/hashicorp/google","change":{"actions":["create"],"before":null,"after":{"description":null,"name":"test-proxy","quic_override":"NONE","ssl_policy":null,"timeouts":null},"after_unknown":{"creation_timestamp":true,"id":true,"project":true,"proxy_bind":true,"proxy_id":true,"self_link":true,"ssl_certificates":true,"url_map":true},"before_sensitive":false,"after_sensitive":{"ssl_certificates":[]}}},{"address":"google_compute_url_map.default","mode":"managed","type":"google_compute_url_map","name":"default","provider_name":"registry.terraform.io/hashicorp/google","change":{"actions":["create"],"before":null,"after":{"default_route_action":[],"default_url_redirect":[],"description":null,"header_action":[],"host_rule":[{"description":"","hosts":["test.com"],"path_matcher":"allpaths"}],"name":"url-map","path_matcher":[{"default_route_action":[],"default_url_redirect":[],"description":null,"header_action":[],"name":"allpaths","path_rule":[{"paths":["/*"],"route_action":[],"url_redirect":[]}],"route_rules":[]}],"test":[],"timeouts":null},"after_unknown":{"creation_timestamp":true,"default_route_action":[],"default_service":true,"default_url_redirect":[],"fingerprint":true,"header_action":[],"host_rule":[{"hosts":[false]}],"id":true,"map_id":true,"path_matcher":[{"default_route_action":[],"default_service":true,"default_url_redirect":[],"header_action":[],"path_rule":[{"paths":[false],"route_action":[],"service":true,"url_redirect":[]}],"route_rules":[]}],"project":true,"self_link":true,"test":[]},"before_sensitive":false,"after_sensitive":{"default_route_action":[],"default_url_redirect":[],"header_action":[],"host_rule":[{"hosts":[false]}],"path_matcher":[{"default_route_action":[],"default_url_redirect":[],"header_action":[],"path_rule":[{"paths":[false],"route_action":[],"url_redirect":[]}],"route_rules":[]}],"test":[]}}},{"address":"tls_private_key.test","mode":"managed","type":"tls_private_key","name":"test","provider_name":"registry.terraform.io/hashicorp/tls","change":{"actions":["create"],"before":null,"after":{"algorithm":"RSA","ecdsa_curve":"P224","rsa_bits":2048},"after_unknown":{"id":true,"private_key_pem":true,"public_key_fingerprint_md5":true,"public_key_openssh":true,"public_key_pem":true},"before_sensitive":false,"after_sensitive":{"private_key_pem":true}}},{"address":"tls_self_signed_cert.test","mode":"managed","type":"tls_self_signed_cert","name":"test","provider_name":"registry.terraform.io/hashicorp/tls","change":{"actions":["create"],"before":null,"after":{"allowed_uses":["key_encipherment","digital_signature","server_auth"],"dns_names":null,"early_renewal_hours":0,"ip_addresses":null,"is_ca_certificate":null,"key_algorithm":"RSA","ready_for_renewal":true,"set_subject_key_id":null,"subject":[{"common_name":"example.com","country":null,"locality":null,"organization":"ACME Examples, Inc","organizational_unit":null,"postal_code":null,"province":null,"serial_number":null,"street_address":null}],"uris":null,"validity_period_hours":100},"after_unknown":{"allowed_uses":[false,false,false],"cert_pem":true,"id":true,"private_key_pem":true,"subject":[{}],"validity_end_time":true,"validity_start_time":true},"before_sensitive":false,"after_sensitive":{"allowed_uses":[false,false,false],"private_key_pem":true,"subject":[{}]}}}],"configuration":{"provider_config":{"google":{"name":"google","expressions":{"project":{"constant_value":"dev-for-tests"},"region":{"constant_value":"us-central-1"}}}},"root_module":{"resources":[{"address":"google_compute_backend_service.default","mode":"managed","type":"google_compute_backend_service","name":"default","provider_config_key":"google","expressions":{"health_checks":{"references":["google_compute_http_health_check.default.id","google_compute_http_health_check.default"]},"name":{"constant_value":"backend-service"},"port_name":{"constant_value":"http"},"protocol":{"constant_value":"HTTP"},"timeout_sec":{"constant_value":10}},"schema_version":1},{"address":"google_compute_http_health_check.default","mode":"managed","type":"google_compute_http_health_check","name":"default","provider_config_key":"google","expressions":{"check_interval_sec":{"constant_value":1},"name":{"constant_value":"http-health-check"},"request_path":{"constant_value":"/"},"timeout_sec":{"constant_value":1}},"schema_version":0},{"address":"google_compute_ssl_certificate.default","mode":"managed","type":"google_compute_ssl_certificate","name":"default","provider_config_key":"google","expressions":{"certificate":{"references":["tls_self_signed_cert.test.cert_pem","tls_self_signed_cert.test"]},"name":{"constant_value":"my-certificate"},"private_key":{"references":["tls_private_key.test.private_key_pem","tls_private_key.test"]}},"schema_version":0},{"address":"google_compute_target_https_proxy.default","mode":"managed","type":"google_compute_target_https_proxy","name":"default","provider_config_key":"google","expressions":{"name":{"constant_value":"test-proxy"},"ssl_certificates":{"references":["google_compute_ssl_certificate.default.id","google_compute_ssl_certificate.default"]},"url_map":{"references":["google_compute_url_map.default.id","google_compute_url_map.default"]}},"schema_version":0},{"address":"google_compute_url_map.default","mode":"managed","type":"google_compute_url_map","name":"default","provider_config_key":"google","expressions":{"default_service":{"references":["google_compute_backend_service.default.id","google_compute_backend_service.default"]},"host_rule":[{"hosts":{"constant_value":["test.com"]},"path_matcher":{"constant_value":"allpaths"}}],"name":{"constant_value":"url-map"},"path_matcher":[{"default_service":{"references":["google_compute_backend_service.default.id","google_compute_backend_service.default"]},"name":{"constant_value":"allpaths"},"path_rule":[{"paths":{"constant_value":["/*"]},"service":{"references":["google_compute_backend_service.default.id","google_compute_backend_service.default"]}}]}]},"schema_version":0},{"address":"tls_private_key.test","mode":"managed","type":"tls_private_key","name":"test","provider_config_key":"tls","expressions":{"algorithm":{"constant_value":"RSA"}},"schema_version":0},{"address":"tls_self_signed_cert.test","mode":"managed","type":"tls_self_signed_cert","name":"test","provider_config_key":"tls","expressions":{"allowed_uses":{"constant_value":["key_encipherment","digital_signature","server_auth"]},"key_algorithm":{"constant_value":"RSA"},"private_key_pem":{"references":["tls_private_key.test.private_key_pem","tls_private_key.test"]},"subject":[{"common_name":{"constant_value":"example.com"},"organization":{"constant_value":"ACME Examples, Inc"}}],"validity_period_hours":{"constant_value":100}},"schema_version":0}]}}}
