{"format_version":"0.1","terraform_version":"0.12.29","planned_values":{"root_module":{"resources":[{"address":"aws_cloudwatch_log_group.cloudrail-test","mode":"managed","type":"aws_cloudwatch_log_group","name":"cloudrail-test","provider_name":"aws","schema_version":0,"values":{"kms_key_id":null,"name_prefix":null,"retention_in_days":1,"tags":null}}]}},"resource_changes":[{"address":"aws_cloudwatch_log_group.cloudrail-test","mode":"managed","type":"aws_cloudwatch_log_group","name":"cloudrail-test","provider_name":"aws","change":{"actions":["create"],"before":null,"after":{"kms_key_id":null,"name_prefix":null,"retention_in_days":1,"tags":null},"after_unknown":{"arn":true,"id":true,"name":true}}}],"configuration":{"provider_config":{"aws":{"name":"aws","expressions":{"region":{"constant_value":"us-east-1"}}}},"root_module":{"resources":[{"address":"aws_cloudwatch_log_group.cloudrail-test","mode":"managed","type":"aws_cloudwatch_log_group","name":"cloudrail-test","provider_config_key":"aws","expressions":{"retention_in_days":{"constant_value":1}},"schema_version":0,"raw_data":{"FileName":"main.tf","StartLine":5,"EndLine":7}}]}}}
