{"format_version":"0.1","terraform_version":"0.14.6","planned_values":{"root_module":{"resources":[{"address":"azurerm_resource_group.rg","mode":"managed","type":"azurerm_resource_group","name":"rg","provider_name":"registry.terraform.io/hashicorp/azurerm","schema_version":0,"values":{"location":"westeurope","name":"cr2390-RG","tags":null,"timeouts":null}},{"address":"azurerm_search_service.search","mode":"managed","type":"azurerm_search_service","name":"search","provider_name":"registry.terraform.io/hashicorp/azurerm","schema_version":0,"values":{"allowed_ips":null,"identity":[],"location":"westeurope","name":"cr2390-search-service","public_network_access_enabled":true,"resource_group_name":"cr2390-RG","sku":"basic","tags":null,"timeouts":null}}]}},"resource_changes":[{"address":"azurerm_resource_group.rg","mode":"managed","type":"azurerm_resource_group","name":"rg","provider_name":"registry.terraform.io/hashicorp/azurerm","change":{"actions":["create"],"before":null,"after":{"location":"westeurope","name":"cr2390-RG","tags":null,"timeouts":null},"after_unknown":{"id":true}}},{"address":"azurerm_search_service.search","mode":"managed","type":"azurerm_search_service","name":"search","provider_name":"registry.terraform.io/hashicorp/azurerm","change":{"actions":["create"],"before":null,"after":{"allowed_ips":null,"identity":[],"location":"westeurope","name":"cr2390-search-service","public_network_access_enabled":true,"resource_group_name":"cr2390-RG","sku":"basic","tags":null,"timeouts":null},"after_unknown":{"id":true,"identity":[],"partition_count":true,"primary_key":true,"query_keys":true,"replica_count":true,"secondary_key":true}}}],"configuration":{"provider_config":{"azurerm":{"name":"azurerm","expressions":{"features":[{}]}}},"root_module":{"resources":[{"address":"azurerm_resource_group.rg","mode":"managed","type":"azurerm_resource_group","name":"rg","provider_config_key":"azurerm","expressions":{"location":{"constant_value":"West Europe"},"name":{"references":["local.resource_prefix"]}},"schema_version":0,"raw_data":{"FileName":"main.tf","StartLine":10,"EndLine":13}},{"address":"azurerm_search_service.search","mode":"managed","type":"azurerm_search_service","name":"search","provider_config_key":"azurerm","expressions":{"location":{"references":["azurerm_resource_group.rg"]},"name":{"references":["local.resource_prefix"]},"resource_group_name":{"references":["azurerm_resource_group.rg"]},"sku":{"constant_value":"basic"}},"schema_version":0,"raw_data":{"FileName":"main.tf","StartLine":15,"EndLine":20}}]}}}
