{"format_version":"0.1","terraform_version":"0.14.6","planned_values":{"root_module":{"resources":[{"address":"google_compute_instance.test-instance","mode":"managed","type":"google_compute_instance","name":"test-instance","provider_name":"registry.terraform.io/hashicorp/google","schema_version":6,"values":{"advanced_machine_features":[],"allow_stopping_for_update":null,"attached_disk":[],"boot_disk":[{"auto_delete":true,"disk_encryption_key_raw":null,"initialize_params":[{"image":"debian-cloud/debian-9"}],"mode":"READ_WRITE"}],"can_ip_forward":false,"deletion_protection":false,"description":null,"desired_status":null,"enable_display":null,"hostname":null,"labels":null,"machine_type":"e2-medium","metadata":null,"metadata_startup_script":null,"name":"test-instance","network_interface":[{"access_config":[{"public_ptr_domain_name":null}],"alias_ip_range":[],"ipv6_access_config":[],"network":"default","nic_type":null}],"resource_policies":null,"scratch_disk":[],"service_account":[{"scopes":["https://www.googleapis.com/auth/cloud-platform"]}],"shielded_instance_config":[],"tags":null,"timeouts":null,"zone":"us-central1-a"}}]}},"resource_changes":[{"address":"google_compute_instance.test-instance","mode":"managed","type":"google_compute_instance","name":"test-instance","provider_name":"registry.terraform.io/hashicorp/google","change":{"actions":["create"],"before":null,"after":{"advanced_machine_features":[],"allow_stopping_for_update":null,"attached_disk":[],"boot_disk":[{"auto_delete":true,"disk_encryption_key_raw":null,"initialize_params":[{"image":"debian-cloud/debian-9"}],"mode":"READ_WRITE"}],"can_ip_forward":false,"deletion_protection":false,"description":null,"desired_status":null,"enable_display":null,"hostname":null,"labels":null,"machine_type":"e2-medium","metadata":null,"metadata_startup_script":null,"name":"test-instance","network_interface":[{"access_config":[{"public_ptr_domain_name":null}],"alias_ip_range":[],"ipv6_access_config":[],"network":"default","nic_type":null}],"resource_policies":null,"scratch_disk":[],"service_account":[{"scopes":["https://www.googleapis.com/auth/cloud-platform"]}],"shielded_instance_config":[],"tags":null,"timeouts":null,"zone":"us-central1-a"},"after_unknown":{"advanced_machine_features":[],"attached_disk":[],"boot_disk":[{"device_name":true,"disk_encryption_key_sha256":true,"initialize_params":[{"labels":true,"size":true,"type":true}],"kms_key_self_link":true,"source":true}],"confidential_instance_config":true,"cpu_platform":true,"current_status":true,"guest_accelerator":true,"id":true,"instance_id":true,"label_fingerprint":true,"metadata_fingerprint":true,"min_cpu_platform":true,"network_interface":[{"access_config":[{"nat_ip":true,"network_tier":true}],"alias_ip_range":[],"ipv6_access_config":[],"ipv6_access_type":true,"name":true,"network_ip":true,"stack_type":true,"subnetwork":true,"subnetwork_project":true}],"project":true,"reservation_affinity":true,"scheduling":true,"scratch_disk":[],"self_link":true,"service_account":[{"email":true,"scopes":[false]}],"shielded_instance_config":[],"tags_fingerprint":true}}}],"configuration":{"root_module":{"resources":[{"address":"google_compute_instance.test-instance","mode":"managed","type":"google_compute_instance","name":"test-instance","provider_config_key":"google","expressions":{"boot_disk":[{"initialize_params":[{"image":{"constant_value":"debian-cloud/debian-9"}}]}],"machine_type":{"constant_value":"e2-medium"},"name":{"constant_value":"test-instance"},"network_interface":[{"access_config":[{}],"network":{"constant_value":"default"}}],"service_account":[{"scopes":{"constant_value":["cloud-platform"]}}],"zone":{"constant_value":"us-central1-a"}},"schema_version":6,"raw_data":{"FileName":"main.tf","StartLine":2,"EndLine":22}}]}}}
