{"format_version":"0.1","terraform_version":"0.12.29","planned_values":{"root_module":{"child_modules":[{"resources":[{"address":"module.test_module.aws_rds_global_cluster.global","mode":"managed","type":"aws_rds_global_cluster","name":"global","provider_name":"aws","schema_version":0,"values":{"database_name":null,"deletion_protection":false,"engine":"aurora","global_cluster_identifier":"cloudrail-test-non-encrypted","storage_encrypted":null}}],"address":"module.test_module"}]}},"resource_changes":[{"address":"module.test_module.aws_rds_global_cluster.global","module_address":"module.test_module","mode":"managed","type":"aws_rds_global_cluster","name":"global","provider_name":"aws","change":{"actions":["create"],"before":null,"after":{"database_name":null,"deletion_protection":false,"engine":"aurora","global_cluster_identifier":"cloudrail-test-non-encrypted","storage_encrypted":null},"after_unknown":{"arn":true,"engine_version":true,"global_cluster_resource_id":true,"id":true}}}],"configuration":{"provider_config":{"aws":{"name":"aws","version_constraint":"2.70.0","expressions":{"region":{"constant_value":"us-east-1"}}},"test_module:aws":{"name":"aws","module_address":"test_module","expressions":{"region":{"constant_value":"us-east-1"}}}},"root_module":{"module_calls":{"test_module":{"source":"./rds/aurora/global_cluster_encrypted_at_rest_disabled","module":{"resources":[{"address":"aws_rds_global_cluster.global","mode":"managed","type":"aws_rds_global_cluster","name":"global","provider_config_key":"test_module:aws","expressions":{"global_cluster_identifier":{"constant_value":"cloudrail-test-non-encrypted"}},"schema_version":0,"raw_data":{"FileName":"rds/aurora/global_cluster_encrypted_at_rest_disabled/main.tf","StartLine":5,"EndLine":7}}]},"raw_data":{"FileName":"main.tf","StartLine":7,"EndLine":9}}}}}}
