{"format_version":"0.1","terraform_version":"0.13.4","planned_values":{"root_module":{"resources":[{"address":"aws_elasticache_cluster.test","mode":"managed","type":"aws_elasticache_cluster","name":"test","provider_name":"registry.terraform.io/hashicorp/aws","schema_version":0,"values":{"cluster_id":"cluster-test-bck-disabled","engine":"redis","engine_version":"3.2.10","final_snapshot_identifier":null,"node_type":"cache.m4.large","notification_topic_arn":null,"num_cache_nodes":1,"parameter_group_name":"default.redis3.2","port":6379,"preferred_availability_zones":null,"snapshot_arns":null,"snapshot_name":null,"snapshot_retention_limit":0,"tags":null}}]}},"resource_changes":[{"address":"aws_elasticache_cluster.test","mode":"managed","type":"aws_elasticache_cluster","name":"test","provider_name":"registry.terraform.io/hashicorp/aws","change":{"actions":["create"],"before":null,"after":{"cluster_id":"cluster-test-bck-disabled","engine":"redis","engine_version":"3.2.10","final_snapshot_identifier":null,"node_type":"cache.m4.large","notification_topic_arn":null,"num_cache_nodes":1,"parameter_group_name":"default.redis3.2","port":6379,"preferred_availability_zones":null,"snapshot_arns":null,"snapshot_name":null,"snapshot_retention_limit":0,"tags":null},"after_unknown":{"apply_immediately":true,"arn":true,"availability_zone":true,"az_mode":true,"cache_nodes":true,"cluster_address":true,"configuration_endpoint":true,"engine_version_actual":true,"id":true,"maintenance_window":true,"replication_group_id":true,"security_group_ids":true,"security_group_names":true,"snapshot_window":true,"subnet_group_name":true,"tags_all":true}}}],"configuration":{"provider_config":{"aws":{"name":"aws","expressions":{"region":{"constant_value":"us-east-1"}}}},"root_module":{"resources":[{"address":"aws_elasticache_cluster.test","mode":"managed","type":"aws_elasticache_cluster","name":"test","provider_config_key":"aws","expressions":{"cluster_id":{"constant_value":"cluster-test-bck-disabled"},"engine":{"constant_value":"redis"},"engine_version":{"constant_value":"3.2.10"},"node_type":{"constant_value":"cache.m4.large"},"num_cache_nodes":{"constant_value":1},"parameter_group_name":{"constant_value":"default.redis3.2"},"port":{"constant_value":6379},"snapshot_retention_limit":{"constant_value":0}},"schema_version":0,"raw_data":{"FileName":"main.tf","StartLine":2,"EndLine":11}}]}}}
