{"format_version":"0.1","terraform_version":"0.12.29","planned_values":{"root_module":{"resources":[{"address":"aws_ecs_task_definition.service","mode":"managed","type":"aws_ecs_task_definition","name":"service","provider_name":"aws","schema_version":1,"values":{"container_definitions":"[{\"cpu\":10,\"essential\":true,\"image\":\"service-first\",\"memory\":512,\"name\":\"first\",\"portMappings\":[{\"containerPort\":80,\"hostPort\":80}]},{\"cpu\":10,\"essential\":true,\"image\":\"service-second\",\"memory\":256,\"name\":\"second\",\"portMappings\":[{\"containerPort\":443,\"hostPort\":443}]}]","cpu":null,"execution_role_arn":null,"family":"cloudrail-test-encryption","inference_accelerator":[],"ipc_mode":null,"memory":null,"pid_mode":null,"placement_constraints":[],"proxy_configuration":[],"requires_compatibilities":null,"tags":null,"task_role_arn":null,"volume":[{"docker_volume_configuration":[],"efs_volume_configuration":[{"authorization_config":[],"file_system_id":"aws_efs_file_system.test.id","root_directory":"/opt/data","transit_encryption":"","transit_encryption_port":null}],"host_path":"","name":"service-storage"}]}},{"address":"aws_efs_file_system.test","mode":"managed","type":"aws_efs_file_system","name":"test","provider_name":"aws","schema_version":0,"values":{"creation_token":"cloudrail-test","lifecycle_policy":[],"provisioned_throughput_in_mibps":null,"tags":null,"throughput_mode":"bursting"}}]}},"resource_changes":[{"address":"aws_ecs_task_definition.service","mode":"managed","type":"aws_ecs_task_definition","name":"service","provider_name":"aws","change":{"actions":["create"],"before":null,"after":{"container_definitions":"[{\"cpu\":10,\"essential\":true,\"image\":\"service-first\",\"memory\":512,\"name\":\"first\",\"portMappings\":[{\"containerPort\":80,\"hostPort\":80}]},{\"cpu\":10,\"essential\":true,\"image\":\"service-second\",\"memory\":256,\"name\":\"second\",\"portMappings\":[{\"containerPort\":443,\"hostPort\":443}]}]","cpu":null,"execution_role_arn":null,"family":"cloudrail-test-encryption","inference_accelerator":[],"ipc_mode":null,"memory":null,"pid_mode":null,"placement_constraints":[],"proxy_configuration":[],"requires_compatibilities":null,"tags":null,"task_role_arn":null,"volume":[{"docker_volume_configuration":[],"efs_volume_configuration":[{"authorization_config":[],"file_system_id":"aws_efs_file_system.test.id","root_directory":"/opt/data","transit_encryption":"","transit_encryption_port":null}],"host_path":"","name":"service-storage"}]},"after_unknown":{"arn":true,"id":true,"inference_accelerator":[],"network_mode":true,"placement_constraints":[],"proxy_configuration":[],"revision":true,"volume":[{"docker_volume_configuration":[],"efs_volume_configuration":[{"authorization_config":[]}]}]}}},{"address":"aws_efs_file_system.test","mode":"managed","type":"aws_efs_file_system","name":"test","provider_name":"aws","change":{"actions":["create"],"before":null,"after":{"creation_token":"cloudrail-test","lifecycle_policy":[],"provisioned_throughput_in_mibps":null,"tags":null,"throughput_mode":"bursting"},"after_unknown":{"arn":true,"dns_name":true,"encrypted":true,"id":true,"kms_key_id":true,"lifecycle_policy":[],"performance_mode":true}}}],"configuration":{"provider_config":{"aws":{"name":"aws","expressions":{"region":{"constant_value":"us-east-1"}}}},"root_module":{"resources":[{"address":"aws_ecs_task_definition.service","mode":"managed","type":"aws_ecs_task_definition","name":"service","provider_config_key":"aws","expressions":{"container_definitions":{"constant_value":"[\n    {\n        \"name\": \"first\",\n        \"image\": \"service-first\",\n        \"cpu\": 10,\n        \"memory\": 512,\n        \"essential\": true,\n        \"portMappings\": [\n            {\n                \"containerPort\": 80,\n                \"hostPort\": 80\n            }\n        ]\n    },\n    {\n        \"name\": \"second\",\n        \"image\": \"service-second\",\n        \"cpu\": 10,\n        \"memory\": 256,\n        \"essential\": true,\n        \"portMappings\": [\n            {\n                \"containerPort\": 443,\n                \"hostPort\": 443\n            }\n        ]\n    }\n]\n"},"family":{"constant_value":"cloudrail-test-encryption"},"volume":[{"efs_volume_configuration":[{"file_system_id":{"references":["aws_efs_file_system.test"]},"root_directory":{"constant_value":"/opt/data"}}],"name":{"constant_value":"service-storage"}}]},"schema_version":1,"raw_data":{"FileName":"main.tf","StartLine":9,"EndLine":49}},{"address":"aws_efs_file_system.test","mode":"managed","type":"aws_efs_file_system","name":"test","provider_config_key":"aws","expressions":{"creation_token":{"constant_value":"cloudrail-test"}},"schema_version":0,"raw_data":{"FileName":"main.tf","StartLine":5,"EndLine":7}}]}}}
