{"format_version":"0.1","terraform_version":"0.13.4","planned_values":{"root_module":{"resources":[{"address":"aws_redshift_cluster.test","mode":"managed","type":"aws_redshift_cluster","name":"test","provider_name":"registry.terraform.io/hashicorp/aws","schema_version":0,"values":{"allow_version_upgrade":true,"automated_snapshot_retention_period":1,"cluster_identifier":"cloudrail-redshift-cluster-logging","cluster_type":"single-node","cluster_version":"1.0","database_name":"mydb","elastic_ip":null,"encrypted":false,"final_snapshot_identifier":null,"logging":[{"bucket_name":"aws_s3_bucket.logging.id","enable":true,"s3_key_prefix":"test-prefix"}],"master_password":"Zasdf8adf887","master_username":"administrator","node_type":"dc1.large","number_of_nodes":1,"owner_account":null,"port":5439,"publicly_accessible":true,"skip_final_snapshot":true,"snapshot_cluster_identifier":null,"snapshot_copy":[],"snapshot_identifier":null,"tags":null,"timeouts":null}},{"address":"aws_s3_bucket.logging","mode":"managed","type":"aws_s3_bucket","name":"logging","provider_name":"registry.terraform.io/hashicorp/aws","schema_version":0,"values":{"acl":"private","bucket_prefix":null,"cors_rule":[],"force_destroy":true,"grant":[],"lifecycle_rule":[],"logging":[],"object_lock_configuration":[],"policy":null,"replication_configuration":[],"server_side_encryption_configuration":[],"tags":null,"versioning":[],"website":[]}},{"address":"aws_s3_bucket_policy.logging","mode":"managed","type":"aws_s3_bucket_policy","name":"logging","provider_name":"registry.terraform.io/hashicorp/aws","schema_version":0,"values":{"bucket":"aws_s3_bucket.logging.id","policy":"data.aws_iam_policy_document.logging.json"}},{"address":"data.aws_iam_policy_document.logging","mode":"data","type":"aws_iam_policy_document","name":"logging","provider_name":"registry.terraform.io/hashicorp/aws","schema_version":0,"values":{"override_json":null,"override_policy_documents":null,"policy_id":null,"source_json":null,"source_policy_documents":null,"statement":[{"actions":["s3:PutObject"],"condition":[],"effect":"Allow","not_actions":null,"not_principals":[],"not_resources":null,"principals":[{"identifiers":["arn:aws:iam::193672423079:user/logs"],"type":"AWS"}],"resources":["aws_s3_bucket.logging.arn/*"],"sid":"Enable Redshift logging"},{"actions":["s3:GetBucketAcl"],"condition":[],"effect":"Allow","not_actions":null,"not_principals":[],"not_resources":null,"principals":[{"identifiers":["arn:aws:iam::193672423079:user/logs"],"type":"AWS"}],"resources":["aws_s3_bucket.logging.arn"],"sid":"Enable Redshift Get Bucket ACL"}],"version":"2012-10-17"}}]}},"resource_changes":[{"address":"aws_redshift_cluster.test","mode":"managed","type":"aws_redshift_cluster","name":"test","provider_name":"registry.terraform.io/hashicorp/aws","change":{"actions":["create"],"before":null,"after":{"allow_version_upgrade":true,"automated_snapshot_retention_period":1,"cluster_identifier":"cloudrail-redshift-cluster-logging","cluster_type":"single-node","cluster_version":"1.0","database_name":"mydb","elastic_ip":null,"encrypted":false,"final_snapshot_identifier":null,"logging":[{"bucket_name":"aws_s3_bucket.logging.id","enable":true,"s3_key_prefix":"test-prefix"}],"master_password":"Zasdf8adf887","master_username":"administrator","node_type":"dc1.large","number_of_nodes":1,"owner_account":null,"port":5439,"publicly_accessible":true,"skip_final_snapshot":true,"snapshot_cluster_identifier":null,"snapshot_copy":[],"snapshot_identifier":null,"tags":null,"timeouts":null},"after_unknown":{"arn":true,"availability_zone":true,"cluster_parameter_group_name":true,"cluster_public_key":true,"cluster_revision_number":true,"cluster_security_groups":true,"cluster_subnet_group_name":true,"dns_name":true,"endpoint":true,"enhanced_vpc_routing":true,"iam_roles":true,"id":true,"kms_key_id":true,"logging":[{}],"preferred_maintenance_window":true,"snapshot_copy":[],"tags_all":true,"vpc_security_group_ids":true}}},{"address":"aws_s3_bucket.logging","mode":"managed","type":"aws_s3_bucket","name":"logging","provider_name":"registry.terraform.io/hashicorp/aws","change":{"actions":["create"],"before":null,"after":{"acl":"private","bucket_prefix":null,"cors_rule":[],"force_destroy":true,"grant":[],"lifecycle_rule":[],"logging":[],"object_lock_configuration":[],"policy":null,"replication_configuration":[],"server_side_encryption_configuration":[],"tags":null,"versioning":[],"website":[]},"after_unknown":{"acceleration_status":true,"arn":true,"bucket":true,"bucket_domain_name":true,"bucket_regional_domain_name":true,"cors_rule":[],"grant":[],"hosted_zone_id":true,"id":true,"lifecycle_rule":[],"logging":[],"object_lock_configuration":[],"region":true,"replication_configuration":[],"request_payer":true,"server_side_encryption_configuration":[],"tags_all":true,"versioning":[],"website":[],"website_domain":true,"website_endpoint":true}}},{"address":"aws_s3_bucket_policy.logging","mode":"managed","type":"aws_s3_bucket_policy","name":"logging","provider_name":"registry.terraform.io/hashicorp/aws","change":{"actions":["create"],"before":null,"after":{"bucket":"aws_s3_bucket.logging.id","policy":"data.aws_iam_policy_document.logging.json"},"after_unknown":{"id":true}}},{"address":"data.aws_iam_policy_document.logging","mode":"data","type":"aws_iam_policy_document","name":"logging","provider_name":"registry.terraform.io/hashicorp/aws","change":{"actions":["read"],"before":null,"after":{"override_json":null,"override_policy_documents":null,"policy_id":null,"source_json":null,"source_policy_documents":null,"statement":[{"actions":["s3:PutObject"],"condition":[],"effect":"Allow","not_actions":null,"not_principals":[],"not_resources":null,"principals":[{"identifiers":["arn:aws:iam::193672423079:user/logs"],"type":"AWS"}],"resources":["aws_s3_bucket.logging.arn/*"],"sid":"Enable Redshift logging"},{"actions":["s3:GetBucketAcl"],"condition":[],"effect":"Allow","not_actions":null,"not_principals":[],"not_resources":null,"principals":[{"identifiers":["arn:aws:iam::193672423079:user/logs"],"type":"AWS"}],"resources":["aws_s3_bucket.logging.arn"],"sid":"Enable Redshift Get Bucket ACL"}],"version":"2012-10-17"},"after_unknown":{"id":true,"json":true,"statement":[{"actions":[false],"condition":[],"not_principals":[],"principals":[{"identifiers":[false]}],"resources":[false]},{"actions":[false],"condition":[],"not_principals":[],"principals":[{"identifiers":[false]}],"resources":[false]}]}}}],"prior_state":{"format_version":"0.1","terraform_version":"0.13.4","values":{"root_module":{"resources":[{"address":"data.aws_redshift_service_account.main","mode":"data","type":"aws_redshift_service_account","name":"main","provider_name":"registry.terraform.io/hashicorp/aws","schema_version":0,"values":{"arn":"arn:aws:iam::193672423079:user/logs","id":"193672423079","region":null}}]}}},"configuration":{"provider_config":{"aws":{"name":"aws","expressions":{"region":{"constant_value":"us-east-1"}}}},"root_module":{"resources":[{"address":"aws_redshift_cluster.test","mode":"managed","type":"aws_redshift_cluster","name":"test","provider_config_key":"aws","expressions":{"cluster_identifier":{"constant_value":"cloudrail-redshift-cluster-logging"},"cluster_type":{"constant_value":"single-node"},"database_name":{"constant_value":"mydb"},"logging":[{"bucket_name":{"references":["aws_s3_bucket.logging"]},"enable":{"constant_value":true},"s3_key_prefix":{"constant_value":"test-prefix"}}],"master_password":{"constant_value":"Zasdf8adf887"},"master_username":{"constant_value":"administrator"},"node_type":{"constant_value":"dc1.large"},"skip_final_snapshot":{"constant_value":true}},"schema_version":0,"raw_data":{"FileName":"main.tf","StartLine":38,"EndLine":52}},{"address":"aws_s3_bucket.logging","mode":"managed","type":"aws_s3_bucket","name":"logging","provider_config_key":"aws","expressions":{"acl":{"constant_value":"private"},"force_destroy":{"constant_value":true}},"schema_version":0,"raw_data":{"FileName":"main.tf","StartLine":33,"EndLine":36}},{"address":"aws_s3_bucket_policy.logging","mode":"managed","type":"aws_s3_bucket_policy","name":"logging","provider_config_key":"aws","expressions":{"bucket":{"references":["aws_s3_bucket.logging"]},"policy":{"references":["data.aws_iam_policy_document.logging"]}},"schema_version":0,"raw_data":{"FileName":"main.tf","StartLine":28,"EndLine":31}},{"address":"data.aws_iam_policy_document.logging","mode":"data","type":"aws_iam_policy_document","name":"logging","provider_config_key":"aws","expressions":{"statement":[{"actions":{"constant_value":["s3:PutObject"]},"effect":{"constant_value":"Allow"},"principals":[{"identifiers":{"references":["data.aws_redshift_service_account.main"]},"type":{"constant_value":"AWS"}}],"resources":{"references":["aws_s3_bucket.logging"]},"sid":{"constant_value":"Enable Redshift logging"}},{"actions":{"constant_value":["s3:GetBucketAcl"]},"effect":{"constant_value":"Allow"},"principals":[{"identifiers":{"references":["data.aws_redshift_service_account.main"]},"type":{"constant_value":"AWS"}}],"resources":{"references":["aws_s3_bucket.logging"]},"sid":{"constant_value":"Enable Redshift Get Bucket ACL"}}],"version":{"constant_value":"2012-10-17"}},"schema_version":0,"raw_data":{"FileName":"main.tf","StartLine":4,"EndLine":26}},{"address":"data.aws_redshift_service_account.main","mode":"data","type":"aws_redshift_service_account","name":"main","provider_config_key":"aws","schema_version":0,"raw_data":{"FileName":"main.tf","StartLine":2,"EndLine":2}}]}}}
