{"format_version":"0.1","terraform_version":"0.13.4","planned_values":{"root_module":{"resources":[{"address":"aws_ecr_repository.not_secure_ecr","mode":"managed","type":"aws_ecr_repository","name":"not_secure_ecr","provider_name":"registry.terraform.io/hashicorp/aws","schema_version":0,"values":{"encryption_configuration":[],"image_scanning_configuration":[],"image_tag_mutability":"MUTABLE","name":"not_secure_ecr","tags":{"Name":"Ecr Repo Cloudrail"},"tags_all":{"Name":"Ecr Repo Cloudrail"},"timeouts":null}},{"address":"aws_ecr_repository_policy.not_secure_policy","mode":"managed","type":"aws_ecr_repository_policy","name":"not_secure_policy","provider_name":"registry.terraform.io/hashicorp/aws","schema_version":0,"values":{"policy":"{\n    \"Version\": \"2008-10-17\",\n    \"Statement\": [\n        {\n            \"Sid\": \"new policy\",\n            \"Effect\": \"Allow\",\n            \"Principal\": \"*\",\n            \"Action\": [\n                \"ecr:*\"\n            ]\n        }\n    ]\n}\n","repository":"not_secure_ecr"}}]}},"resource_changes":[{"address":"aws_ecr_repository.not_secure_ecr","mode":"managed","type":"aws_ecr_repository","name":"not_secure_ecr","provider_name":"registry.terraform.io/hashicorp/aws","change":{"actions":["create"],"before":null,"after":{"encryption_configuration":[],"image_scanning_configuration":[],"image_tag_mutability":"MUTABLE","name":"not_secure_ecr","tags":{"Name":"Ecr Repo Cloudrail"},"tags_all":{"Name":"Ecr Repo Cloudrail"},"timeouts":null},"after_unknown":{"arn":true,"encryption_configuration":[],"id":true,"image_scanning_configuration":[],"registry_id":true,"repository_url":true,"tags":{},"tags_all":{}}}},{"address":"aws_ecr_repository_policy.not_secure_policy","mode":"managed","type":"aws_ecr_repository_policy","name":"not_secure_policy","provider_name":"registry.terraform.io/hashicorp/aws","change":{"actions":["create"],"before":null,"after":{"policy":"{\n    \"Version\": \"2008-10-17\",\n    \"Statement\": [\n        {\n            \"Sid\": \"new policy\",\n            \"Effect\": \"Allow\",\n            \"Principal\": \"*\",\n            \"Action\": [\n                \"ecr:*\"\n            ]\n        }\n    ]\n}\n","repository":"not_secure_ecr"},"after_unknown":{"id":true,"registry_id":true}}}],"configuration":{"provider_config":{"aws":{"name":"aws","expressions":{"region":{"constant_value":"us-east-1"}}}},"root_module":{"resources":[{"address":"aws_ecr_repository.not_secure_ecr","mode":"managed","type":"aws_ecr_repository","name":"not_secure_ecr","provider_config_key":"aws","expressions":{"name":{"constant_value":"not_secure_ecr"},"tags":{"constant_value":{"Name":"Ecr Repo Cloudrail"}}},"schema_version":0,"raw_data":{"FileName":"main.tf","StartLine":2,"EndLine":7}},{"address":"aws_ecr_repository_policy.not_secure_policy","mode":"managed","type":"aws_ecr_repository_policy","name":"not_secure_policy","provider_config_key":"aws","expressions":{"policy":{"constant_value":"{\n    \"Version\": \"2008-10-17\",\n    \"Statement\": [\n        {\n            \"Sid\": \"new policy\",\n            \"Effect\": \"Allow\",\n            \"Principal\": \"*\",\n            \"Action\": [\n                \"ecr:*\"\n            ]\n        }\n    ]\n}\n"},"repository":{"references":["aws_ecr_repository.not_secure_ecr"]}},"schema_version":0,"raw_data":{"FileName":"main.tf","StartLine":9,"EndLine":27}}]}}}
