{
  "version": 4,
  "terraform_version": "0.15.4",
  "serial": 935,
  "lineage": "17d42b56-6ea0-ca6f-1292-70c99f478f58",
  "outputs": {},
  "resources": [
    {
      "mode": "managed",
      "type": "aws_db_subnet_group",
      "name": "nondefault",
      "provider": "provider[\"registry.terraform.io/hashicorp/aws\"]",
      "instances": [
        {
          "schema_version": 0,
          "attributes": {
            "arn": "arn:aws:rds:us-east-1:115553109071:subgrp:nondefault",
            "description": "Managed by Terraform",
            "id": "nondefault",
            "name": "nondefault",
            "name_prefix": null,
            "subnet_ids": [
              "subnet-00d50b7e3e36b5a90",
              "subnet-071a86bb50d3d059b"
            ],
            "tags": null,
            "tags_all": {}
          },
          "sensitive_attributes": [],
          "private": "bnVsbA==",
          "dependencies": [
            "aws_subnet.nondefault_1",
            "aws_subnet.nondefault_2",
            "aws_vpc.nondefault"
          ]
        }
      ]
    },
    {
      "mode": "managed",
      "type": "aws_internet_gateway",
      "name": "igw",
      "provider": "provider[\"registry.terraform.io/hashicorp/aws\"]",
      "instances": [
        {
          "schema_version": 0,
          "attributes": {
            "arn": "arn:aws:ec2:us-east-1:115553109071:internet-gateway/igw-013da830c9a3fba55",
            "id": "igw-013da830c9a3fba55",
            "owner_id": "115553109071",
            "tags": null,
            "tags_all": {},
            "vpc_id": "vpc-09217c8702f162b1e"
          },
          "sensitive_attributes": [],
          "private": "bnVsbA==",
          "dependencies": [
            "aws_vpc.nondefault"
          ]
        }
      ]
    },
    {
      "mode": "managed",
      "type": "aws_rds_cluster",
      "name": "test",
      "provider": "provider[\"registry.terraform.io/hashicorp/aws\"]",
      "instances": [
        {
          "schema_version": 0,
          "attributes": {
            "allow_major_version_upgrade": null,
            "apply_immediately": null,
            "arn": "arn:aws:rds:us-east-1:115553109071:cluster:tf-20210620135922859700000002",
            "availability_zones": [
              "us-east-1a",
              "us-east-1b",
              "us-east-1f"
            ],
            "backtrack_window": 0,
            "backup_retention_period": 1,
            "cluster_identifier": "tf-20210620135922859700000002",
            "cluster_identifier_prefix": null,
            "cluster_members": [],
            "cluster_resource_id": "cluster-FUVUB7R6AFTZEOXBUOIDOMVNNM",
            "copy_tags_to_snapshot": false,
            "database_name": null,
            "db_cluster_parameter_group_name": "default.aurora5.6",
            "db_subnet_group_name": "nondefault",
            "deletion_protection": false,
            "enable_http_endpoint": false,
            "enabled_cloudwatch_logs_exports": null,
            "endpoint": "tf-20210620135922859700000002.cluster-cdn2jbeu6lre.us-east-1.rds.amazonaws.com",
            "engine": "aurora",
            "engine_mode": "provisioned",
            "engine_version": "5.6.mysql_aurora.1.22.2",
            "final_snapshot_identifier": null,
            "global_cluster_identifier": "",
            "hosted_zone_id": "Z2R2ITUGPM61AM",
            "iam_database_authentication_enabled": false,
            "iam_roles": null,
            "id": "tf-20210620135922859700000002",
            "kms_key_id": "",
            "master_password": "asdf1234!!",
            "master_username": "asdfasdf",
            "port": 3306,
            "preferred_backup_window": "04:25-04:55",
            "preferred_maintenance_window": "thu:06:47-thu:07:17",
            "reader_endpoint": "tf-20210620135922859700000002.cluster-ro-cdn2jbeu6lre.us-east-1.rds.amazonaws.com",
            "replication_source_identifier": "",
            "restore_to_point_in_time": [],
            "s3_import": [],
            "scaling_configuration": [],
            "skip_final_snapshot": false,
            "snapshot_identifier": null,
            "source_region": null,
            "storage_encrypted": false,
            "tags": null,
            "tags_all": {},
            "timeouts": null,
            "vpc_security_group_ids": [
              "sg-03a4d299e4c0cc57f"
            ]
          },
          "sensitive_attributes": [],
          "private": "eyJlMmJmYjczMC1lY2FhLTExZTYtOGY4OC0zNDM2M2JjN2M0YzAiOnsiY3JlYXRlIjo3MjAwMDAwMDAwMDAwLCJkZWxldGUiOjcyMDAwMDAwMDAwMDAsInVwZGF0ZSI6NzIwMDAwMDAwMDAwMH19",
          "dependencies": [
            "aws_db_subnet_group.nondefault",
            "aws_security_group.nondefault",
            "aws_subnet.nondefault_1",
            "aws_subnet.nondefault_2",
            "aws_vpc.nondefault"
          ]
        }
      ]
    },
    {
      "mode": "managed",
      "type": "aws_rds_cluster_instance",
      "name": "ins1",
      "provider": "provider[\"registry.terraform.io/hashicorp/aws\"]",
      "instances": [
        {
          "schema_version": 0,
          "attributes": {
            "apply_immediately": null,
            "arn": "arn:aws:rds:us-east-1:115553109071:db:tf-20210620140052285400000004",
            "auto_minor_version_upgrade": true,
            "availability_zone": "us-east-1a",
            "ca_cert_identifier": "rds-ca-2019",
            "cluster_identifier": "tf-20210620135922859700000002",
            "copy_tags_to_snapshot": false,
            "db_parameter_group_name": "default.aurora5.6",
            "db_subnet_group_name": "nondefault",
            "dbi_resource_id": "db-PDMZZTUUWG7GM5XOYWZUBOIPA4",
            "endpoint": "tf-20210620140052285400000004.cdn2jbeu6lre.us-east-1.rds.amazonaws.com",
            "engine": "aurora",
            "engine_version": "5.6.mysql_aurora.1.22.2",
            "id": "tf-20210620140052285400000004",
            "identifier": "tf-20210620140052285400000004",
            "identifier_prefix": null,
            "instance_class": "db.r4.large",
            "kms_key_id": "",
            "monitoring_interval": 0,
            "monitoring_role_arn": "",
            "performance_insights_enabled": false,
            "performance_insights_kms_key_id": "",
            "port": 3306,
            "preferred_backup_window": "04:25-04:55",
            "preferred_maintenance_window": "wed:09:57-wed:10:27",
            "promotion_tier": 0,
            "publicly_accessible": true,
            "storage_encrypted": false,
            "tags": null,
            "tags_all": {},
            "timeouts": null,
            "writer": false
          },
          "sensitive_attributes": [],
          "private": "eyJlMmJmYjczMC1lY2FhLTExZTYtOGY4OC0zNDM2M2JjN2M0YzAiOnsiY3JlYXRlIjo1NDAwMDAwMDAwMDAwLCJkZWxldGUiOjU0MDAwMDAwMDAwMDAsInVwZGF0ZSI6NTQwMDAwMDAwMDAwMH19",
          "dependencies": [
            "aws_db_subnet_group.nondefault",
            "aws_rds_cluster.test",
            "aws_security_group.nondefault",
            "aws_subnet.nondefault_1",
            "aws_subnet.nondefault_2",
            "aws_vpc.nondefault"
          ]
        }
      ]
    },
    {
      "mode": "managed",
      "type": "aws_rds_cluster_instance",
      "name": "ins2",
      "provider": "provider[\"registry.terraform.io/hashicorp/aws\"]",
      "instances": [
        {
          "schema_version": 0,
          "attributes": {
            "apply_immediately": null,
            "arn": "arn:aws:rds:us-east-1:115553109071:db:tf-20210620140052285200000003",
            "auto_minor_version_upgrade": true,
            "availability_zone": "us-east-1b",
            "ca_cert_identifier": "rds-ca-2019",
            "cluster_identifier": "tf-20210620135922859700000002",
            "copy_tags_to_snapshot": false,
            "db_parameter_group_name": "default.aurora5.6",
            "db_subnet_group_name": "nondefault",
            "dbi_resource_id": "db-IEZOOAT3PXP3A7IJFWNK7ICND4",
            "endpoint": "tf-20210620140052285200000003.cdn2jbeu6lre.us-east-1.rds.amazonaws.com",
            "engine": "aurora",
            "engine_version": "5.6.mysql_aurora.1.22.2",
            "id": "tf-20210620140052285200000003",
            "identifier": "tf-20210620140052285200000003",
            "identifier_prefix": null,
            "instance_class": "db.r4.large",
            "kms_key_id": "",
            "monitoring_interval": 0,
            "monitoring_role_arn": "",
            "performance_insights_enabled": false,
            "performance_insights_kms_key_id": "",
            "port": 3306,
            "preferred_backup_window": "04:25-04:55",
            "preferred_maintenance_window": "sun:05:09-sun:05:39",
            "promotion_tier": 0,
            "publicly_accessible": false,
            "storage_encrypted": false,
            "tags": null,
            "tags_all": {},
            "timeouts": null,
            "writer": true
          },
          "sensitive_attributes": [],
          "private": "eyJlMmJmYjczMC1lY2FhLTExZTYtOGY4OC0zNDM2M2JjN2M0YzAiOnsiY3JlYXRlIjo1NDAwMDAwMDAwMDAwLCJkZWxldGUiOjU0MDAwMDAwMDAwMDAsInVwZGF0ZSI6NTQwMDAwMDAwMDAwMH19",
          "dependencies": [
            "aws_db_subnet_group.nondefault",
            "aws_rds_cluster.test",
            "aws_security_group.nondefault",
            "aws_subnet.nondefault_1",
            "aws_subnet.nondefault_2",
            "aws_vpc.nondefault"
          ]
        }
      ]
    },
    {
      "mode": "managed",
      "type": "aws_route_table",
      "name": "rt",
      "provider": "provider[\"registry.terraform.io/hashicorp/aws\"]",
      "instances": [
        {
          "schema_version": 0,
          "attributes": {
            "arn": "arn:aws:ec2:us-east-1:115553109071:route-table/rtb-034541a4012815a8c",
            "id": "rtb-034541a4012815a8c",
            "owner_id": "115553109071",
            "propagating_vgws": [],
            "route": [
              {
                "carrier_gateway_id": "",
                "cidr_block": "0.0.0.0/0",
                "destination_prefix_list_id": "",
                "egress_only_gateway_id": "",
                "gateway_id": "igw-013da830c9a3fba55",
                "instance_id": "",
                "ipv6_cidr_block": "",
                "local_gateway_id": "",
                "nat_gateway_id": "",
                "network_interface_id": "",
                "transit_gateway_id": "",
                "vpc_endpoint_id": "",
                "vpc_peering_connection_id": ""
              }
            ],
            "tags": null,
            "tags_all": {},
            "vpc_id": "vpc-09217c8702f162b1e"
          },
          "sensitive_attributes": [],
          "private": "bnVsbA==",
          "dependencies": [
            "aws_internet_gateway.igw",
            "aws_vpc.nondefault"
          ]
        }
      ]
    },
    {
      "mode": "managed",
      "type": "aws_route_table_association",
      "name": "rt1",
      "provider": "provider[\"registry.terraform.io/hashicorp/aws\"]",
      "instances": [
        {
          "schema_version": 0,
          "attributes": {
            "gateway_id": null,
            "id": "rtbassoc-0360b0d676acbab46",
            "route_table_id": "rtb-034541a4012815a8c",
            "subnet_id": "subnet-071a86bb50d3d059b"
          },
          "sensitive_attributes": [],
          "private": "bnVsbA==",
          "dependencies": [
            "aws_internet_gateway.igw",
            "aws_route_table.rt",
            "aws_subnet.nondefault_1",
            "aws_vpc.nondefault"
          ]
        }
      ]
    },
    {
      "mode": "managed",
      "type": "aws_route_table_association",
      "name": "rt2",
      "provider": "provider[\"registry.terraform.io/hashicorp/aws\"]",
      "instances": [
        {
          "schema_version": 0,
          "attributes": {
            "gateway_id": null,
            "id": "rtbassoc-0214935baf423db2a",
            "route_table_id": "rtb-034541a4012815a8c",
            "subnet_id": "subnet-00d50b7e3e36b5a90"
          },
          "sensitive_attributes": [],
          "private": "bnVsbA==",
          "dependencies": [
            "aws_internet_gateway.igw",
            "aws_route_table.rt",
            "aws_subnet.nondefault_2",
            "aws_vpc.nondefault"
          ]
        }
      ]
    },
    {
      "mode": "managed",
      "type": "aws_security_group",
      "name": "nondefault",
      "provider": "provider[\"registry.terraform.io/hashicorp/aws\"]",
      "instances": [
        {
          "schema_version": 1,
          "attributes": {
            "arn": "arn:aws:ec2:us-east-1:115553109071:security-group/sg-03a4d299e4c0cc57f",
            "description": "Managed by Terraform",
            "egress": [],
            "id": "sg-03a4d299e4c0cc57f",
            "ingress": [
              {
                "cidr_blocks": [
                  "0.0.0.0/0"
                ],
                "description": "",
                "from_port": 0,
                "ipv6_cidr_blocks": [],
                "prefix_list_ids": [],
                "protocol": "tcp",
                "security_groups": [],
                "self": false,
                "to_port": 65000
              }
            ],
            "name": "terraform-20210620135917036100000001",
            "name_prefix": "terraform-",
            "owner_id": "115553109071",
            "revoke_rules_on_delete": false,
            "tags": null,
            "tags_all": {},
            "timeouts": null,
            "vpc_id": "vpc-09217c8702f162b1e"
          },
          "sensitive_attributes": [],
          "private": "eyJlMmJmYjczMC1lY2FhLTExZTYtOGY4OC0zNDM2M2JjN2M0YzAiOnsiY3JlYXRlIjo2MDAwMDAwMDAwMDAsImRlbGV0ZSI6OTAwMDAwMDAwMDAwfSwic2NoZW1hX3ZlcnNpb24iOiIxIn0=",
          "dependencies": [
            "aws_vpc.nondefault"
          ]
        }
      ]
    },
    {
      "mode": "managed",
      "type": "aws_security_group",
      "name": "unused",
      "provider": "provider[\"registry.terraform.io/hashicorp/aws\"]",
      "instances": [
        {
          "schema_version": 1,
          "attributes": {
            "arn": "arn:aws:ec2:us-east-1:115553109071:security-group/sg-0550826b126cb2335",
            "description": "Managed by Terraform",
            "egress": [],
            "id": "sg-0550826b126cb2335",
            "ingress": [
              {
                "cidr_blocks": [
                  "0.0.0.0/0"
                ],
                "description": "",
                "from_port": 53,
                "ipv6_cidr_blocks": [],
                "prefix_list_ids": [],
                "protocol": "udp",
                "security_groups": [],
                "self": false,
                "to_port": 53
              }
            ],
            "name": "Unused security group",
            "name_prefix": "",
            "owner_id": "115553109071",
            "revoke_rules_on_delete": false,
            "tags": null,
            "tags_all": {},
            "timeouts": null,
            "vpc_id": "vpc-09217c8702f162b1e"
          },
          "sensitive_attributes": [],
          "private": "eyJlMmJmYjczMC1lY2FhLTExZTYtOGY4OC0zNDM2M2JjN2M0YzAiOnsiY3JlYXRlIjo2MDAwMDAwMDAwMDAsImRlbGV0ZSI6OTAwMDAwMDAwMDAwfSwic2NoZW1hX3ZlcnNpb24iOiIxIn0=",
          "dependencies": [
            "aws_vpc.nondefault"
          ]
        }
      ]
    },
    {
      "mode": "managed",
      "type": "aws_subnet",
      "name": "nondefault_1",
      "provider": "provider[\"registry.terraform.io/hashicorp/aws\"]",
      "instances": [
        {
          "schema_version": 1,
          "attributes": {
            "arn": "arn:aws:ec2:us-east-1:115553109071:subnet/subnet-071a86bb50d3d059b",
            "assign_ipv6_address_on_creation": false,
            "availability_zone": "us-east-1a",
            "availability_zone_id": "use1-az1",
            "cidr_block": "10.1.1.128/25",
            "customer_owned_ipv4_pool": "",
            "id": "subnet-071a86bb50d3d059b",
            "ipv6_cidr_block": "",
            "ipv6_cidr_block_association_id": "",
            "map_customer_owned_ip_on_launch": false,
            "map_public_ip_on_launch": false,
            "outpost_arn": "",
            "owner_id": "115553109071",
            "tags": null,
            "tags_all": {},
            "timeouts": null,
            "vpc_id": "vpc-09217c8702f162b1e"
          },
          "sensitive_attributes": [],
          "private": "eyJlMmJmYjczMC1lY2FhLTExZTYtOGY4OC0zNDM2M2JjN2M0YzAiOnsiY3JlYXRlIjo2MDAwMDAwMDAwMDAsImRlbGV0ZSI6MTIwMDAwMDAwMDAwMH0sInNjaGVtYV92ZXJzaW9uIjoiMSJ9",
          "dependencies": [
            "aws_vpc.nondefault"
          ]
        }
      ]
    },
    {
      "mode": "managed",
      "type": "aws_subnet",
      "name": "nondefault_2",
      "provider": "provider[\"registry.terraform.io/hashicorp/aws\"]",
      "instances": [
        {
          "schema_version": 1,
          "attributes": {
            "arn": "arn:aws:ec2:us-east-1:115553109071:subnet/subnet-00d50b7e3e36b5a90",
            "assign_ipv6_address_on_creation": false,
            "availability_zone": "us-east-1b",
            "availability_zone_id": "use1-az2",
            "cidr_block": "10.1.1.0/25",
            "customer_owned_ipv4_pool": "",
            "id": "subnet-00d50b7e3e36b5a90",
            "ipv6_cidr_block": "",
            "ipv6_cidr_block_association_id": "",
            "map_customer_owned_ip_on_launch": false,
            "map_public_ip_on_launch": false,
            "outpost_arn": "",
            "owner_id": "115553109071",
            "tags": null,
            "tags_all": {},
            "timeouts": null,
            "vpc_id": "vpc-09217c8702f162b1e"
          },
          "sensitive_attributes": [],
          "private": "eyJlMmJmYjczMC1lY2FhLTExZTYtOGY4OC0zNDM2M2JjN2M0YzAiOnsiY3JlYXRlIjo2MDAwMDAwMDAwMDAsImRlbGV0ZSI6MTIwMDAwMDAwMDAwMH0sInNjaGVtYV92ZXJzaW9uIjoiMSJ9",
          "dependencies": [
            "aws_vpc.nondefault"
          ]
        }
      ]
    },
    {
      "mode": "managed",
      "type": "aws_vpc",
      "name": "nondefault",
      "provider": "provider[\"registry.terraform.io/hashicorp/aws\"]",
      "instances": [
        {
          "schema_version": 1,
          "attributes": {
            "arn": "arn:aws:ec2:us-east-1:115553109071:vpc/vpc-09217c8702f162b1e",
            "assign_generated_ipv6_cidr_block": false,
            "cidr_block": "10.1.1.0/24",
            "default_network_acl_id": "acl-0b4ab6a33ae729166",
            "default_route_table_id": "rtb-056383b2a8d8f6369",
            "default_security_group_id": "sg-01b08bd6be8f1e99b",
            "dhcp_options_id": "dopt-3045214a",
            "enable_classiclink": false,
            "enable_classiclink_dns_support": false,
            "enable_dns_hostnames": true,
            "enable_dns_support": true,
            "id": "vpc-09217c8702f162b1e",
            "instance_tenancy": "default",
            "ipv6_association_id": "",
            "ipv6_cidr_block": "",
            "main_route_table_id": "rtb-056383b2a8d8f6369",
            "owner_id": "115553109071",
            "tags": null,
            "tags_all": {}
          },
          "sensitive_attributes": [],
          "private": "eyJzY2hlbWFfdmVyc2lvbiI6IjEifQ=="
        }
      ]
    }
  ]
}
