{"format_version":"0.1","terraform_version":"0.12.29","planned_values":{"root_module":{"resources":[{"address":"aws_codebuild_report_group.non-encrypted","mode":"managed","type":"aws_codebuild_report_group","name":"non-encrypted","provider_name":"aws","schema_version":0,"values":{"export_config":[{"s3_destination":[{"encryption_disabled":false,"encryption_key":"arn:aws:kms:us-east-1:115553109071:key/33722bd4-8b1b-4564-92c9-549d0305149d","packaging":"NONE","path":"/some"}],"type":"S3"}],"name":"codebuild-report-group-non-kms-cmk-encrypted","tags":null,"type":"TEST"}},{"address":"aws_s3_bucket.codebuild-report","mode":"managed","type":"aws_s3_bucket","name":"codebuild-report","provider_name":"aws","schema_version":0,"values":{"acl":"private","bucket":"codebuild-report-group-non-kms-cmk-encrypted","bucket_prefix":null,"cors_rule":[],"force_destroy":false,"grant":[],"lifecycle_rule":[],"logging":[],"object_lock_configuration":[],"policy":null,"replication_configuration":[],"server_side_encryption_configuration":[],"tags":null,"website":[]}},{"address":"aws_s3_bucket_public_access_block.codebuild-report","mode":"managed","type":"aws_s3_bucket_public_access_block","name":"codebuild-report","provider_name":"aws","schema_version":0,"values":{"block_public_acls":true,"block_public_policy":true,"ignore_public_acls":true,"restrict_public_buckets":true}}]}},"resource_changes":[{"address":"aws_codebuild_report_group.non-encrypted","mode":"managed","type":"aws_codebuild_report_group","name":"non-encrypted","provider_name":"aws","change":{"actions":["create"],"before":null,"after":{"export_config":[{"s3_destination":[{"encryption_disabled":false,"encryption_key":"arn:aws:kms:us-east-1:115553109071:key/33722bd4-8b1b-4564-92c9-549d0305149d","packaging":"NONE","path":"/some"}],"type":"S3"}],"name":"codebuild-report-group-non-kms-cmk-encrypted","tags":null,"type":"TEST"},"after_unknown":{"arn":true,"created":true,"export_config":[{"s3_destination":[{"bucket":true}]}],"id":true}}},{"address":"aws_s3_bucket.codebuild-report","mode":"managed","type":"aws_s3_bucket","name":"codebuild-report","provider_name":"aws","change":{"actions":["create"],"before":null,"after":{"acl":"private","bucket":"codebuild-report-group-non-kms-cmk-encrypted","bucket_prefix":null,"cors_rule":[],"force_destroy":false,"grant":[],"lifecycle_rule":[],"logging":[],"object_lock_configuration":[],"policy":null,"replication_configuration":[],"server_side_encryption_configuration":[],"tags":null,"website":[]},"after_unknown":{"acceleration_status":true,"arn":true,"bucket_domain_name":true,"bucket_regional_domain_name":true,"cors_rule":[],"grant":[],"hosted_zone_id":true,"id":true,"lifecycle_rule":[],"logging":[],"object_lock_configuration":[],"region":true,"replication_configuration":[],"request_payer":true,"server_side_encryption_configuration":[],"versioning":true,"website":[],"website_domain":true,"website_endpoint":true}}},{"address":"aws_s3_bucket_public_access_block.codebuild-report","mode":"managed","type":"aws_s3_bucket_public_access_block","name":"codebuild-report","provider_name":"aws","change":{"actions":["create"],"before":null,"after":{"block_public_acls":true,"block_public_policy":true,"ignore_public_acls":true,"restrict_public_buckets":true},"after_unknown":{"bucket":true,"id":true}}}],"prior_state":{"format_version":"0.1","terraform_version":"0.12.29","values":{"root_module":{"resources":[{"address":"data.aws_caller_identity.current","mode":"data","type":"aws_caller_identity","name":"current","provider_name":"aws","schema_version":0,"values":{"account_id":"115553109071","arn":"arn:aws:iam::115553109071:user/imanuel","id":"115553109071","user_id":"AIDARVZ4AQRHQAFBV6XPE"}},{"address":"data.aws_kms_key.by_alias","mode":"data","type":"aws_kms_key","name":"by_alias","provider_name":"aws","schema_version":0,"values":{"arn":"arn:aws:kms:us-east-1:115553109071:key/33722bd4-8b1b-4564-92c9-549d0305149d","aws_account_id":"115553109071","creation_date":"2020-11-24T14:13:00Z","customer_master_key_spec":"SYMMETRIC_DEFAULT","deletion_date":null,"description":"Default master key that protects my S3 objects when no other key is defined","enabled":true,"expiration_model":"","grant_tokens":null,"id":"33722bd4-8b1b-4564-92c9-549d0305149d","key_id":"alias/aws/s3","key_manager":"AWS","key_state":"Enabled","key_usage":"ENCRYPT_DECRYPT","origin":"AWS_KMS","valid_to":null}},{"address":"data.aws_region.current","mode":"data","type":"aws_region","name":"current","provider_name":"aws","schema_version":0,"values":{"description":"US East (N. Virginia)","endpoint":"ec2.us-east-1.amazonaws.com","id":"us-east-1","name":"us-east-1"}}]}}},"configuration":{"provider_config":{"aws":{"name":"aws","expressions":{"region":{"constant_value":"us-east-1"}}}},"root_module":{"resources":[{"address":"aws_codebuild_report_group.non-encrypted","mode":"managed","type":"aws_codebuild_report_group","name":"non-encrypted","provider_config_key":"aws","expressions":{"export_config":[{"s3_destination":[{"bucket":{"references":["aws_s3_bucket.codebuild-report"]},"encryption_disabled":{"constant_value":false},"encryption_key":{"references":["data.aws_kms_key.by_alias"]},"packaging":{"constant_value":"NONE"},"path":{"constant_value":"/some"}}],"type":{"constant_value":"S3"}}],"name":{"constant_value":"codebuild-report-group-non-kms-cmk-encrypted"},"type":{"constant_value":"TEST"}},"schema_version":0},{"address":"aws_s3_bucket.codebuild-report","mode":"managed","type":"aws_s3_bucket","name":"codebuild-report","provider_config_key":"aws","expressions":{"acl":{"constant_value":"private"},"bucket":{"constant_value":"codebuild-report-group-non-kms-cmk-encrypted"}},"schema_version":0},{"address":"aws_s3_bucket_public_access_block.codebuild-report","mode":"managed","type":"aws_s3_bucket_public_access_block","name":"codebuild-report","provider_config_key":"aws","expressions":{"block_public_acls":{"constant_value":true},"block_public_policy":{"constant_value":true},"bucket":{"references":["aws_s3_bucket.codebuild-report"]},"ignore_public_acls":{"constant_value":true},"restrict_public_buckets":{"constant_value":true}},"schema_version":0},{"address":"data.aws_caller_identity.current","mode":"data","type":"aws_caller_identity","name":"current","provider_config_key":"aws","schema_version":0},{"address":"data.aws_kms_key.by_alias","mode":"data","type":"aws_kms_key","name":"by_alias","provider_config_key":"aws","expressions":{"key_id":{"constant_value":"alias/aws/s3"}},"schema_version":0},{"address":"data.aws_region.current","mode":"data","type":"aws_region","name":"current","provider_config_key":"aws","schema_version":0}]}}}
