{
  "format_version": "0.1",
  "terraform_version": "0.14.6",
  "planned_values": {
    "root_module": {
      "resources": [
        {
          "address": "google_container_cluster.cluster",
          "mode": "managed",
          "type": "google_container_cluster",
          "name": "cluster",
          "provider_name": "registry.terraform.io/hashicorp/google",
          "schema_version": 1,
          "values": {
            "authenticator_groups_config": [
              {
                "security_group": "gke-security-groups@indeni.com"
              }
            ],
            "description": null,
            "enable_autopilot": null,
            "enable_binary_authorization": false,
            "enable_kubernetes_alpha": false,
            "enable_legacy_abac": false,
            "enable_shielded_nodes": true,
            "enable_tpu": null,
            "initial_node_count": 2,
            "ip_allocation_policy": [
              {
                "cluster_ipv4_cidr_block": "10.1.0.0/20"
              }
            ],
            "location": "us-central1-a",
            "maintenance_policy": [],
            "master_authorized_networks_config": [
              {
                "cidr_blocks": [
                  {
                    "cidr_block": "0.0.0.0/0",
                    "display_name": "office"
                  }
                ]
              }
            ],
            "min_master_version": null,
            "name": "kuber",
            "network": "default",
            "private_cluster_config": [],
            "project": "dev-tomer",
            "remove_default_node_pool": true,
            "resource_labels": null,
            "resource_usage_export_config": [],
            "timeouts": null,
            "vertical_pod_autoscaling": []
          }
        },
        {
          "address": "google_container_node_pool.add_cluster",
          "mode": "managed",
          "type": "google_container_node_pool",
          "name": "add_cluster",
          "provider_name": "registry.terraform.io/hashicorp/google",
          "schema_version": 1,
          "values": {
            "autoscaling": [],
            "cluster": "google_container_cluster.cluster.id",
            "location": "us-central1",
            "name": "node-cluster",
            "node_config": [
              {
                "disk_size_gb": 30,
                "gcfs_config": [],
                "machine_type": "e2-medium",
                "min_cpu_platform": null,
                "preemptible": true,
                "tags": null
              }
            ],
            "node_count": 2,
            "timeouts": null
          }
        }
      ]
    }
  },
  "resource_changes": [
    {
      "address": "google_container_cluster.cluster",
      "mode": "managed",
      "type": "google_container_cluster",
      "name": "cluster",
      "provider_name": "registry.terraform.io/hashicorp/google",
      "change": {
        "actions": [
          "create"
        ],
        "before": null,
        "after": {
          "authenticator_groups_config": [
            {
              "security_group": "gke-security-groups@indeni.com"
            }
          ],
          "description": null,
          "enable_autopilot": null,
          "enable_binary_authorization": false,
          "enable_kubernetes_alpha": false,
          "enable_legacy_abac": false,
          "enable_shielded_nodes": true,
          "enable_tpu": null,
          "initial_node_count": 2,
          "ip_allocation_policy": [
            {
              "cluster_ipv4_cidr_block": "10.1.0.0/20"
            }
          ],
          "location": "us-central1-a",
          "maintenance_policy": [],
          "master_authorized_networks_config": [
            {
              "cidr_blocks": [
                {
                  "cidr_block": "0.0.0.0/0",
                  "display_name": "office"
                }
              ]
            }
          ],
          "min_master_version": null,
          "name": "kuber",
          "network": "default",
          "private_cluster_config": [],
          "project": "dev-tomer",
          "remove_default_node_pool": true,
          "resource_labels": null,
          "resource_usage_export_config": [],
          "timeouts": null,
          "vertical_pod_autoscaling": []
        },
        "after_unknown": {
          "addons_config": true,
          "authenticator_groups_config": [
            {}
          ],
          "cluster_autoscaling": true,
          "cluster_ipv4_cidr": true,
          "confidential_nodes": true,
          "database_encryption": true,
          "datapath_provider": true,
          "default_max_pods_per_node": true,
          "default_snat_status": true,
          "enable_intranode_visibility": true,
          "endpoint": true,
          "id": true,
          "ip_allocation_policy": [
            {
              "cluster_secondary_range_name": true,
              "services_ipv4_cidr_block": true,
              "services_secondary_range_name": true
            }
          ],
          "label_fingerprint": true,
          "logging_config": true,
          "logging_service": true,
          "maintenance_policy": [],
          "master_auth": true,
          "master_authorized_networks_config": [
            {
              "cidr_blocks": [
                {}
              ]
            }
          ],
          "master_version": true,
          "monitoring_config": true,
          "monitoring_service": true,
          "network_policy": true,
          "networking_mode": true,
          "node_config": true,
          "node_locations": true,
          "node_pool": true,
          "node_version": true,
          "operation": true,
          "private_cluster_config": [],
          "private_ipv6_google_access": true,
          "release_channel": true,
          "resource_usage_export_config": [],
          "self_link": true,
          "services_ipv4_cidr": true,
          "subnetwork": true,
          "tpu_ipv4_cidr_block": true,
          "vertical_pod_autoscaling": [],
          "workload_identity_config": true
        }
      }
    },
    {
      "address": "google_container_node_pool.add_cluster",
      "mode": "managed",
      "type": "google_container_node_pool",
      "name": "add_cluster",
      "provider_name": "registry.terraform.io/hashicorp/google",
      "change": {
        "actions": [
          "create"
        ],
        "before": null,
        "after": {
          "autoscaling": [],
          "cluster": "google_container_cluster.cluster.id",
          "location": "us-central1",
          "name": "node-cluster",
          "node_config": [
            {
              "disk_size_gb": 30,
              "gcfs_config": [],
              "machine_type": "e2-medium",
              "min_cpu_platform": null,
              "preemptible": true,
              "tags": null
            }
          ],
          "node_count": 2,
          "timeouts": null
        },
        "after_unknown": {
          "autoscaling": [],
          "id": true,
          "initial_node_count": true,
          "instance_group_urls": true,
          "managed_instance_group_urls": true,
          "management": true,
          "max_pods_per_node": true,
          "name_prefix": true,
          "node_config": [
            {
              "disk_type": true,
              "gcfs_config": [],
              "guest_accelerator": true,
              "image_type": true,
              "labels": true,
              "local_ssd_count": true,
              "metadata": true,
              "oauth_scopes": true,
              "service_account": true,
              "shielded_instance_config": true,
              "taint": true,
              "workload_metadata_config": true
            }
          ],
          "node_locations": true,
          "operation": true,
          "project": true,
          "upgrade_settings": true,
          "version": true
        }
      }
    }
  ],
  "configuration": {
    "provider_config": {
      "google": {
        "name": "google",
        "expressions": {
          "project": {
            "constant_value": "dev-tomer"
          },
          "region": {
            "constant_value": "us-central-1"
          }
        }
      }
    },
    "root_module": {
      "resources": [
        {
          "address": "google_container_cluster.cluster",
          "mode": "managed",
          "type": "google_container_cluster",
          "name": "cluster",
          "provider_config_key": "google",
          "expressions": {
            "authenticator_groups_config": [
              {
                "security_group": {
                  "constant_value": "gke-security-groups@indeni.com"
                }
              }
            ],
            "enable_shielded_nodes": {
              "constant_value": true
            },
            "initial_node_count": {
              "constant_value": 2
            },
            "ip_allocation_policy": [
              {
                "cluster_ipv4_cidr_block": {
                  "constant_value": "10.1.0.0/20"
                }
              }
            ],
            "location": {
              "constant_value": "us-central1-a"
            },
            "master_authorized_networks_config": [
              {
                "cidr_blocks": [
                  {
                    "cidr_block": {
                      "constant_value": "0.0.0.0/0"
                    },
                    "display_name": {
                      "constant_value": "office"
                    }
                  }
                ]
              }
            ],
            "name": {
              "constant_value": "kuber"
            },
            "network": {
              "constant_value": "default"
            },
            "project": {
              "constant_value": "dev-tomer"
            },
            "remove_default_node_pool": {
              "constant_value": true
            }
          },
          "schema_version": 1,
          "raw_data": {
            "FileName": "main.tf",
            "StartLine": 5,
            "EndLine": 25
          }
        },
        {
          "address": "google_container_node_pool.add_cluster",
          "mode": "managed",
          "type": "google_container_node_pool",
          "name": "add_cluster",
          "provider_config_key": "google",
          "expressions": {
            "cluster": {
              "references": [
                "google_container_cluster.cluster"
              ]
            },
            "location": {
              "constant_value": "us-central1"
            },
            "name": {
              "constant_value": "node-cluster"
            },
            "node_config": [
              {
                "disk_size_gb": {
                  "constant_value": "30"
                },
                "machine_type": {
                  "constant_value": "e2-medium"
                },
                "preemptible": {
                  "constant_value": true
                }
              }
            ],
            "node_count": {
              "constant_value": 2
            }
          },
          "schema_version": 1,
          "raw_data": {
            "FileName": "main.tf",
            "StartLine": 26,
            "EndLine": 37
          }
        }
      ]
    }
  }
}
