{"format_version":"0.1","terraform_version":"0.12.29","planned_values":{"root_module":{"resources":[{"address":"google_sql_database_instance.test-035","mode":"managed","type":"google_sql_database_instance","name":"test-035","provider_name":"google","schema_version":0,"values":{"clone":[],"database_version":"POSTGRES_9_6","deletion_protection":false,"name":"test-instance-035","region":"us-west1","restore_backup_context":[],"root_password":null,"settings":[{"database_flags":[{"name":"log_lock_waits","value":"off"}],"disk_autoresize":true,"insights_config":[],"maintenance_window":[],"pricing_plan":"PER_USE","tier":"db-f1-micro"}],"timeouts":null}}]}},"resource_changes":[{"address":"google_sql_database_instance.test-035","mode":"managed","type":"google_sql_database_instance","name":"test-035","provider_name":"google","change":{"actions":["create"],"before":null,"after":{"clone":[],"database_version":"POSTGRES_9_6","deletion_protection":false,"name":"test-instance-035","region":"us-west1","restore_backup_context":[],"root_password":null,"settings":[{"database_flags":[{"name":"log_lock_waits","value":"off"}],"disk_autoresize":true,"insights_config":[],"maintenance_window":[],"pricing_plan":"PER_USE","tier":"db-f1-micro"}],"timeouts":null},"after_unknown":{"clone":[],"connection_name":true,"first_ip_address":true,"id":true,"ip_address":true,"master_instance_name":true,"private_ip_address":true,"project":true,"public_ip_address":true,"replica_configuration":true,"restore_backup_context":[],"self_link":true,"server_ca_cert":true,"service_account_email_address":true,"settings":[{"activation_policy":true,"authorized_gae_applications":true,"availability_type":true,"backup_configuration":true,"crash_safe_replication":true,"database_flags":[{}],"disk_size":true,"disk_type":true,"insights_config":[],"ip_configuration":true,"location_preference":true,"maintenance_window":[],"replication_type":true,"user_labels":true,"version":true}]}}}],"configuration":{"provider_config":{"google":{"name":"google","expressions":{"project":{"constant_value":"dev-tomer"},"region":{"constant_value":"us-west1"}}}},"root_module":{"resources":[{"address":"google_sql_database_instance.test-035","mode":"managed","type":"google_sql_database_instance","name":"test-035","provider_config_key":"google","expressions":{"database_version":{"constant_value":"POSTGRES_9_6"},"deletion_protection":{"constant_value":false},"name":{"constant_value":"test-instance-035"},"region":{"constant_value":"us-west1"},"settings":[{"database_flags":[{"name":{"constant_value":"log_lock_waits"},"value":{"constant_value":"off"}}],"tier":{"constant_value":"db-f1-micro"}}]},"schema_version":0}]}}}
