{"format_version":"0.1","terraform_version":"0.12.29","planned_values":{"root_module":{"child_modules":[{"resources":[{"address":"module.test_module.aws_s3_bucket.cloudrail","mode":"managed","type":"aws_s3_bucket","name":"cloudrail","provider_name":"aws","schema_version":0,"values":{"acl":"private","bucket":"cloudrail-non-encrypted-czx7zxchs","bucket_prefix":null,"cors_rule":[],"force_destroy":false,"grant":[],"lifecycle_rule":[],"logging":[],"object_lock_configuration":[],"policy":null,"replication_configuration":[],"server_side_encryption_configuration":[],"tags":null,"website":[]}},{"address":"module.test_module.aws_s3_bucket_object.object","mode":"managed","type":"aws_s3_bucket_object","name":"object","provider_name":"aws","schema_version":0,"values":{"acl":"private","bucket":"module.test_module.aws_s3_bucket.cloudrail.id","cache_control":null,"content":"Cloudrail example","content_base64":null,"content_disposition":null,"content_encoding":null,"content_language":null,"force_destroy":false,"key":"example_file_encrypted_aes256","kms_key_id":null,"metadata":null,"object_lock_legal_hold_status":null,"object_lock_mode":null,"object_lock_retain_until_date":null,"server_side_encryption":"AES256","source":null,"tags":null,"website_redirect":null}},{"address":"module.test_module.aws_s3_bucket_public_access_block.cloudrail","mode":"managed","type":"aws_s3_bucket_public_access_block","name":"cloudrail","provider_name":"aws","schema_version":0,"values":{"block_public_acls":true,"block_public_policy":true,"bucket":"module.test_module.aws_s3_bucket.cloudrail.id","ignore_public_acls":true,"restrict_public_buckets":true}}],"address":"module.test_module"}]}},"resource_changes":[{"address":"module.test_module.aws_s3_bucket.cloudrail","module_address":"module.test_module","mode":"managed","type":"aws_s3_bucket","name":"cloudrail","provider_name":"aws","change":{"actions":["create"],"before":null,"after":{"acl":"private","bucket":"cloudrail-non-encrypted-czx7zxchs","bucket_prefix":null,"cors_rule":[],"force_destroy":false,"grant":[],"lifecycle_rule":[],"logging":[],"object_lock_configuration":[],"policy":null,"replication_configuration":[],"server_side_encryption_configuration":[],"tags":null,"website":[]},"after_unknown":{"acceleration_status":true,"arn":true,"bucket_domain_name":true,"bucket_regional_domain_name":true,"cors_rule":[],"grant":[],"hosted_zone_id":true,"id":true,"lifecycle_rule":[],"logging":[],"object_lock_configuration":[],"region":true,"replication_configuration":[],"request_payer":true,"server_side_encryption_configuration":[],"versioning":true,"website":[],"website_domain":true,"website_endpoint":true}}},{"address":"module.test_module.aws_s3_bucket_object.object","module_address":"module.test_module","mode":"managed","type":"aws_s3_bucket_object","name":"object","provider_name":"aws","change":{"actions":["create"],"before":null,"after":{"acl":"private","bucket":"module.test_module.aws_s3_bucket.cloudrail.id","cache_control":null,"content":"Cloudrail example","content_base64":null,"content_disposition":null,"content_encoding":null,"content_language":null,"force_destroy":false,"key":"example_file_encrypted_aes256","kms_key_id":null,"metadata":null,"object_lock_legal_hold_status":null,"object_lock_mode":null,"object_lock_retain_until_date":null,"server_side_encryption":"AES256","source":null,"tags":null,"website_redirect":null},"after_unknown":{"content_type":true,"etag":true,"id":true,"storage_class":true,"version_id":true}}},{"address":"module.test_module.aws_s3_bucket_public_access_block.cloudrail","module_address":"module.test_module","mode":"managed","type":"aws_s3_bucket_public_access_block","name":"cloudrail","provider_name":"aws","change":{"actions":["create"],"before":null,"after":{"block_public_acls":true,"block_public_policy":true,"bucket":"module.test_module.aws_s3_bucket.cloudrail.id","ignore_public_acls":true,"restrict_public_buckets":true},"after_unknown":{"id":true}}}],"configuration":{"provider_config":{"aws":{"name":"aws","version_constraint":"2.70.0","expressions":{"region":{"constant_value":"us-east-1"}}},"test_module:aws":{"name":"aws","module_address":"test_module","expressions":{"region":{"constant_value":"eu-west-1"}}}},"root_module":{"module_calls":{"test_module":{"source":"./s3_bucket_object/encrypted_aes256","module":{"resources":[{"address":"aws_s3_bucket.cloudrail","mode":"managed","type":"aws_s3_bucket","name":"cloudrail","provider_config_key":"test_module:aws","expressions":{"acl":{"constant_value":"private"},"bucket":{"constant_value":"cloudrail-non-encrypted-czx7zxchs"}},"schema_version":0,"raw_data":{"FileName":"s3_bucket_object/encrypted_aes256/main.tf","StartLine":5,"EndLine":8}},{"address":"aws_s3_bucket_object.object","mode":"managed","type":"aws_s3_bucket_object","name":"object","provider_config_key":"test_module:aws","expressions":{"bucket":{"references":["aws_s3_bucket.cloudrail"]},"content":{"constant_value":"Cloudrail example"},"key":{"constant_value":"example_file_encrypted_aes256"},"server_side_encryption":{"constant_value":"AES256"}},"schema_version":0,"raw_data":{"FileName":"s3_bucket_object/encrypted_aes256/main.tf","StartLine":18,"EndLine":23}},{"address":"aws_s3_bucket_public_access_block.cloudrail","mode":"managed","type":"aws_s3_bucket_public_access_block","name":"cloudrail","provider_config_key":"test_module:aws","expressions":{"block_public_acls":{"constant_value":true},"block_public_policy":{"constant_value":true},"bucket":{"references":["aws_s3_bucket.cloudrail"]},"ignore_public_acls":{"constant_value":true},"restrict_public_buckets":{"constant_value":true}},"schema_version":0,"raw_data":{"FileName":"s3_bucket_object/encrypted_aes256/main.tf","StartLine":10,"EndLine":16}}]},"raw_data":{"FileName":"main.tf","StartLine":7,"EndLine":9}}}}}}
