{"format_version":"0.1","terraform_version":"0.13.4","planned_values":{"root_module":{"resources":[{"address":"aws_db_instance.test","mode":"managed","type":"aws_db_instance","name":"test","provider_name":"registry.terraform.io/hashicorp/aws","schema_version":1,"values":{"allocated_storage":10,"allow_major_version_upgrade":null,"auto_minor_version_upgrade":true,"copy_tags_to_snapshot":false,"delete_automated_backups":true,"deletion_protection":null,"domain":null,"domain_iam_role_name":null,"enabled_cloudwatch_logs_exports":null,"engine":"mariadb","engine_version":"10.5.8","final_snapshot_identifier":null,"iam_database_authentication_enabled":null,"instance_class":"db.t3.micro","iops":null,"max_allocated_storage":null,"monitoring_interval":0,"name":"mydb","password":"foobarbaz","performance_insights_enabled":false,"publicly_accessible":false,"replicate_source_db":null,"restore_to_point_in_time":[],"s3_import":[],"security_group_names":null,"skip_final_snapshot":true,"storage_encrypted":null,"tags":null,"timeouts":null,"username":"foo"}}]}},"resource_changes":[{"address":"aws_db_instance.test","mode":"managed","type":"aws_db_instance","name":"test","provider_name":"registry.terraform.io/hashicorp/aws","change":{"actions":["create"],"before":null,"after":{"allocated_storage":10,"allow_major_version_upgrade":null,"auto_minor_version_upgrade":true,"copy_tags_to_snapshot":false,"delete_automated_backups":true,"deletion_protection":null,"domain":null,"domain_iam_role_name":null,"enabled_cloudwatch_logs_exports":null,"engine":"mariadb","engine_version":"10.5.8","final_snapshot_identifier":null,"iam_database_authentication_enabled":null,"instance_class":"db.t3.micro","iops":null,"max_allocated_storage":null,"monitoring_interval":0,"name":"mydb","password":"foobarbaz","performance_insights_enabled":false,"publicly_accessible":false,"replicate_source_db":null,"restore_to_point_in_time":[],"s3_import":[],"security_group_names":null,"skip_final_snapshot":true,"storage_encrypted":null,"tags":null,"timeouts":null,"username":"foo"},"after_unknown":{"address":true,"apply_immediately":true,"arn":true,"availability_zone":true,"backup_retention_period":true,"backup_window":true,"ca_cert_identifier":true,"character_set_name":true,"db_subnet_group_name":true,"endpoint":true,"hosted_zone_id":true,"id":true,"identifier":true,"identifier_prefix":true,"kms_key_id":true,"latest_restorable_time":true,"license_model":true,"maintenance_window":true,"monitoring_role_arn":true,"multi_az":true,"option_group_name":true,"parameter_group_name":true,"performance_insights_kms_key_id":true,"performance_insights_retention_period":true,"port":true,"replicas":true,"resource_id":true,"restore_to_point_in_time":[],"s3_import":[],"snapshot_identifier":true,"status":true,"storage_type":true,"tags_all":true,"timezone":true,"vpc_security_group_ids":true}}}],"prior_state":{"format_version":"0.1","terraform_version":"0.13.4","values":{"root_module":{"resources":[{"address":"data.aws_availability_zones.available","mode":"data","type":"aws_availability_zones","name":"available","provider_name":"registry.terraform.io/hashicorp/aws","schema_version":0,"values":{"all_availability_zones":null,"exclude_names":null,"exclude_zone_ids":null,"filter":null,"group_names":["us-east-1"],"id":"us-east-1","names":["us-east-1a","us-east-1b","us-east-1c","us-east-1d","us-east-1e","us-east-1f"],"state":"available","zone_ids":["use1-az1","use1-az2","use1-az4","use1-az6","use1-az3","use1-az5"]}}]}}},"configuration":{"provider_config":{"aws":{"name":"aws","expressions":{"region":{"constant_value":"us-east-1"}}}},"root_module":{"resources":[{"address":"aws_db_instance.test","mode":"managed","type":"aws_db_instance","name":"test","provider_config_key":"aws","expressions":{"allocated_storage":{"constant_value":10},"engine":{"constant_value":"mariadb"},"engine_version":{"constant_value":"10.5.8"},"instance_class":{"constant_value":"db.t3.micro"},"name":{"constant_value":"mydb"},"password":{"constant_value":"foobarbaz"},"skip_final_snapshot":{"constant_value":true},"username":{"constant_value":"foo"}},"schema_version":1,"raw_data":{"FileName":"main.tf","StartLine":9,"EndLine":18}},{"address":"data.aws_availability_zones.available","mode":"data","type":"aws_availability_zones","name":"available","provider_config_key":"aws","expressions":{"state":{"constant_value":"available"}},"schema_version":0,"raw_data":{"FileName":"main.tf","StartLine":5,"EndLine":7}}]}}}
