{"format_version":"0.1","terraform_version":"0.13.4","planned_values":{"root_module":{"resources":[{"address":"aws_vpc.external","mode":"managed","type":"aws_vpc","name":"external","provider_name":"registry.terraform.io/hashicorp/aws","schema_version":1,"values":{"assign_generated_ipv6_cidr_block":false,"cidr_block":"172.27.0.0/16","enable_dns_hostnames":true,"enable_dns_support":true,"instance_tenancy":"default","tags":{"Name":"none-default-vpc"},"tags_all":{"Name":"none-default-vpc"}}}]}},"resource_changes":[{"address":"aws_vpc.external","mode":"managed","type":"aws_vpc","name":"external","provider_name":"registry.terraform.io/hashicorp/aws","change":{"actions":["create"],"before":null,"after":{"assign_generated_ipv6_cidr_block":false,"cidr_block":"172.27.0.0/16","enable_dns_hostnames":true,"enable_dns_support":true,"instance_tenancy":"default","tags":{"Name":"none-default-vpc"},"tags_all":{"Name":"none-default-vpc"}},"after_unknown":{"arn":true,"default_network_acl_id":true,"default_route_table_id":true,"default_security_group_id":true,"dhcp_options_id":true,"enable_classiclink":true,"enable_classiclink_dns_support":true,"id":true,"ipv6_association_id":true,"ipv6_cidr_block":true,"main_route_table_id":true,"owner_id":true,"tags":{},"tags_all":{}}}}],"configuration":{"provider_config":{"aws":{"name":"aws","expressions":{"region":{"constant_value":"us-east-1"}}}},"root_module":{"resources":[{"address":"aws_vpc.external","mode":"managed","type":"aws_vpc","name":"external","provider_config_key":"aws","expressions":{"cidr_block":{"constant_value":"172.27.0.0/16"},"enable_dns_hostnames":{"constant_value":true},"enable_dns_support":{"constant_value":true},"tags":{"constant_value":{"Name":"none-default-vpc"}}},"schema_version":1,"raw_data":{"FileName":"main.tf","StartLine":1,"EndLine":8}}]}}}
