{"format_version":"0.1","terraform_version":"0.13.4","planned_values":{"root_module":{"resources":[{"address":"aws_s3_bucket.cloudrail","mode":"managed","type":"aws_s3_bucket","name":"cloudrail","provider_name":"registry.terraform.io/hashicorp/aws","schema_version":0,"values":{"acl":"private","bucket":"cloudrail-non-encrypted-czx7zxchs","bucket_prefix":null,"cors_rule":[],"force_destroy":false,"grant":[],"lifecycle_rule":[],"logging":[],"object_lock_configuration":[],"policy":null,"replication_configuration":[],"server_side_encryption_configuration":[],"tags":null,"versioning":[],"website":[]}},{"address":"aws_s3_bucket_object.object","mode":"managed","type":"aws_s3_bucket_object","name":"object","provider_name":"registry.terraform.io/hashicorp/aws","schema_version":0,"values":{"acl":"private","bucket":"aws_s3_bucket.cloudrail.id","cache_control":null,"content":"Cloudrail example","content_base64":null,"content_disposition":null,"content_encoding":null,"content_language":null,"force_destroy":false,"key":"example_file_encrypted_aes256","metadata":null,"object_lock_legal_hold_status":null,"object_lock_mode":null,"object_lock_retain_until_date":null,"server_side_encryption":"AES256","source":null,"tags":null,"website_redirect":null}},{"address":"aws_s3_bucket_public_access_block.cloudrail","mode":"managed","type":"aws_s3_bucket_public_access_block","name":"cloudrail","provider_name":"registry.terraform.io/hashicorp/aws","schema_version":0,"values":{"block_public_acls":true,"block_public_policy":true,"bucket":"aws_s3_bucket.cloudrail.id","ignore_public_acls":true,"restrict_public_buckets":true}}]}},"resource_changes":[{"address":"aws_s3_bucket.cloudrail","mode":"managed","type":"aws_s3_bucket","name":"cloudrail","provider_name":"registry.terraform.io/hashicorp/aws","change":{"actions":["create"],"before":null,"after":{"acl":"private","bucket":"cloudrail-non-encrypted-czx7zxchs","bucket_prefix":null,"cors_rule":[],"force_destroy":false,"grant":[],"lifecycle_rule":[],"logging":[],"object_lock_configuration":[],"policy":null,"replication_configuration":[],"server_side_encryption_configuration":[],"tags":null,"versioning":[],"website":[]},"after_unknown":{"acceleration_status":true,"arn":true,"bucket_domain_name":true,"bucket_regional_domain_name":true,"cors_rule":[],"grant":[],"hosted_zone_id":true,"id":true,"lifecycle_rule":[],"logging":[],"object_lock_configuration":[],"region":true,"replication_configuration":[],"request_payer":true,"server_side_encryption_configuration":[],"tags_all":true,"versioning":[],"website":[],"website_domain":true,"website_endpoint":true}}},{"address":"aws_s3_bucket_object.object","mode":"managed","type":"aws_s3_bucket_object","name":"object","provider_name":"registry.terraform.io/hashicorp/aws","change":{"actions":["create"],"before":null,"after":{"acl":"private","bucket":"aws_s3_bucket.cloudrail.id","cache_control":null,"content":"Cloudrail example","content_base64":null,"content_disposition":null,"content_encoding":null,"content_language":null,"force_destroy":false,"key":"example_file_encrypted_aes256","metadata":null,"object_lock_legal_hold_status":null,"object_lock_mode":null,"object_lock_retain_until_date":null,"server_side_encryption":"AES256","source":null,"tags":null,"website_redirect":null},"after_unknown":{"bucket_key_enabled":true,"content_type":true,"etag":true,"id":true,"kms_key_id":true,"storage_class":true,"tags_all":true,"version_id":true}}},{"address":"aws_s3_bucket_public_access_block.cloudrail","mode":"managed","type":"aws_s3_bucket_public_access_block","name":"cloudrail","provider_name":"registry.terraform.io/hashicorp/aws","change":{"actions":["create"],"before":null,"after":{"block_public_acls":true,"block_public_policy":true,"bucket":"aws_s3_bucket.cloudrail.id","ignore_public_acls":true,"restrict_public_buckets":true},"after_unknown":{"id":true}}}],"configuration":{"provider_config":{"aws":{"name":"aws","expressions":{"region":{"constant_value":"us-east-1"}}}},"root_module":{"resources":[{"address":"aws_s3_bucket.cloudrail","mode":"managed","type":"aws_s3_bucket","name":"cloudrail","provider_config_key":"aws","expressions":{"acl":{"constant_value":"private"},"bucket":{"constant_value":"cloudrail-non-encrypted-czx7zxchs"}},"schema_version":0,"raw_data":{"FileName":"main.tf","StartLine":3,"EndLine":6}},{"address":"aws_s3_bucket_object.object","mode":"managed","type":"aws_s3_bucket_object","name":"object","provider_config_key":"aws","expressions":{"bucket":{"references":["aws_s3_bucket.cloudrail"]},"content":{"constant_value":"Cloudrail example"},"key":{"constant_value":"example_file_encrypted_aes256"},"server_side_encryption":{"constant_value":"AES256"}},"schema_version":0,"raw_data":{"FileName":"main.tf","StartLine":16,"EndLine":21}},{"address":"aws_s3_bucket_public_access_block.cloudrail","mode":"managed","type":"aws_s3_bucket_public_access_block","name":"cloudrail","provider_config_key":"aws","expressions":{"block_public_acls":{"constant_value":true},"block_public_policy":{"constant_value":true},"bucket":{"references":["aws_s3_bucket.cloudrail"]},"ignore_public_acls":{"constant_value":true},"restrict_public_buckets":{"constant_value":true}},"schema_version":0,"raw_data":{"FileName":"main.tf","StartLine":8,"EndLine":14}}]}}}
