{"format_version":"0.1","terraform_version":"0.14.6","planned_values":{"root_module":{"resources":[{"address":"google_compute_network.custom-test","mode":"managed","type":"google_compute_network","name":"custom-test","provider_name":"registry.terraform.io/hashicorp/google","schema_version":0,"values":{"auto_create_subnetworks":false,"delete_default_routes_on_create":false,"description":null,"name":"log-test-network","timeouts":null}},{"address":"google_compute_subnetwork.subnet-with-logging","mode":"managed","type":"google_compute_subnetwork","name":"subnet-with-logging","provider_name":"registry.terraform.io/hashicorp/google","schema_version":0,"values":{"description":null,"ip_cidr_range":"10.2.0.0/16","ipv6_access_type":null,"log_config":[{"aggregation_interval":"INTERVAL_10_MIN","filter_expr":"true","flow_sampling":0.5,"metadata":"INCLUDE_ALL_METADATA","metadata_fields":null}],"name":"log-test-subnetwork","network":"google_compute_network.custom-test.id","private_ip_google_access":null,"role":null,"timeouts":null}}]}},"resource_changes":[{"address":"google_compute_network.custom-test","mode":"managed","type":"google_compute_network","name":"custom-test","provider_name":"registry.terraform.io/hashicorp/google","change":{"actions":["create"],"before":null,"after":{"auto_create_subnetworks":false,"delete_default_routes_on_create":false,"description":null,"name":"log-test-network","timeouts":null},"after_unknown":{"gateway_ipv4":true,"id":true,"mtu":true,"project":true,"routing_mode":true,"self_link":true}}},{"address":"google_compute_subnetwork.subnet-with-logging","mode":"managed","type":"google_compute_subnetwork","name":"subnet-with-logging","provider_name":"registry.terraform.io/hashicorp/google","change":{"actions":["create"],"before":null,"after":{"description":null,"ip_cidr_range":"10.2.0.0/16","ipv6_access_type":null,"log_config":[{"aggregation_interval":"INTERVAL_10_MIN","filter_expr":"true","flow_sampling":0.5,"metadata":"INCLUDE_ALL_METADATA","metadata_fields":null}],"name":"log-test-subnetwork","network":"google_compute_network.custom-test.id","private_ip_google_access":null,"role":null,"timeouts":null},"after_unknown":{"creation_timestamp":true,"external_ipv6_prefix":true,"fingerprint":true,"gateway_address":true,"id":true,"ipv6_cidr_range":true,"log_config":[{}],"private_ipv6_google_access":true,"project":true,"purpose":true,"region":true,"secondary_ip_range":true,"self_link":true,"stack_type":true}}}],"configuration":{"provider_config":{"google":{"name":"google","expressions":{"project":{"constant_value":"dev-for-tests"},"region":{"constant_value":"us-west1"}}}},"root_module":{"resources":[{"address":"google_compute_network.custom-test","mode":"managed","type":"google_compute_network","name":"custom-test","provider_config_key":"google","expressions":{"auto_create_subnetworks":{"constant_value":false},"name":{"constant_value":"log-test-network"}},"schema_version":0,"raw_data":{"FileName":"main.tf","StartLine":18,"EndLine":21}},{"address":"google_compute_subnetwork.subnet-with-logging","mode":"managed","type":"google_compute_subnetwork","name":"subnet-with-logging","provider_config_key":"google","expressions":{"ip_cidr_range":{"constant_value":"10.2.0.0/16"},"log_config":[{"aggregation_interval":{"constant_value":"INTERVAL_10_MIN"},"flow_sampling":{"constant_value":0.5},"metadata":{"constant_value":"INCLUDE_ALL_METADATA"}}],"name":{"constant_value":"log-test-subnetwork"},"network":{"references":["google_compute_network.custom-test"]}},"schema_version":0,"raw_data":{"FileName":"main.tf","StartLine":6,"EndLine":16}}]}}}
