{"format_version":"0.1","terraform_version":"0.13.4","planned_values":{"root_module":{"resources":[{"address":"aws_iam_role.firehose_role","mode":"managed","type":"aws_iam_role","name":"firehose_role","provider_name":"registry.terraform.io/hashicorp/aws","schema_version":0,"values":{"assume_role_policy":"{\n  \"Version\": \"2012-10-17\",\n  \"Statement\": [\n    {\n      \"Action\": \"sts:AssumeRole\",\n      \"Principal\": {\n        \"Service\": \"firehose.amazonaws.com\"\n      },\n      \"Effect\": \"Allow\",\n      \"Sid\": \"\"\n    }\n  ]\n}\n","description":null,"force_detach_policies":false,"inline_policy":[],"max_session_duration":3600,"name":"cloudrail-firehose-test-encrypted","name_prefix":null,"path":"/","permissions_boundary":null,"tags":null}},{"address":"aws_kinesis_firehose_delivery_stream.test","mode":"managed","type":"aws_kinesis_firehose_delivery_stream","name":"test","provider_name":"registry.terraform.io/hashicorp/aws","schema_version":1,"values":{"destination":"extended_s3","elasticsearch_configuration":[],"extended_s3_configuration":[{"bucket_arn":"aws_s3_bucket.bucket.arn","buffer_interval":null,"buffer_size":null,"cloudwatch_logging_options":[],"compression_format":null,"data_format_conversion_configuration":[],"error_output_prefix":null,"kms_key_arn":null,"prefix":null,"processing_configuration":[],"role_arn":"aws_iam_role.firehose_role.arn","s3_backup_configuration":[],"s3_backup_mode":null}],"http_endpoint_configuration":[],"kinesis_source_configuration":[],"name":"cloudrail-firehose-test-encrypted","redshift_configuration":[],"s3_configuration":[],"server_side_encryption":[{"enabled":true,"key_arn":null,"key_type":null}],"splunk_configuration":[],"tags":null}},{"address":"aws_s3_bucket.bucket","mode":"managed","type":"aws_s3_bucket","name":"bucket","provider_name":"registry.terraform.io/hashicorp/aws","schema_version":0,"values":{"acl":"private","bucket":"cloudrail-firehose-test-encrypted","bucket_prefix":null,"cors_rule":[],"force_destroy":false,"grant":[],"lifecycle_rule":[],"logging":[],"object_lock_configuration":[],"policy":null,"replication_configuration":[],"server_side_encryption_configuration":[],"tags":null,"versioning":[],"website":[]}}]}},"resource_changes":[{"address":"aws_iam_role.firehose_role","mode":"managed","type":"aws_iam_role","name":"firehose_role","provider_name":"registry.terraform.io/hashicorp/aws","change":{"actions":["create"],"before":null,"after":{"assume_role_policy":"{\n  \"Version\": \"2012-10-17\",\n  \"Statement\": [\n    {\n      \"Action\": \"sts:AssumeRole\",\n      \"Principal\": {\n        \"Service\": \"firehose.amazonaws.com\"\n      },\n      \"Effect\": \"Allow\",\n      \"Sid\": \"\"\n    }\n  ]\n}\n","description":null,"force_detach_policies":false,"inline_policy":[],"max_session_duration":3600,"name":"cloudrail-firehose-test-encrypted","name_prefix":null,"path":"/","permissions_boundary":null,"tags":null},"after_unknown":{"arn":true,"create_date":true,"id":true,"inline_policy":[],"managed_policy_arns":true,"tags_all":true,"unique_id":true}}},{"address":"aws_kinesis_firehose_delivery_stream.test","mode":"managed","type":"aws_kinesis_firehose_delivery_stream","name":"test","provider_name":"registry.terraform.io/hashicorp/aws","change":{"actions":["create"],"before":null,"after":{"destination":"extended_s3","elasticsearch_configuration":[],"extended_s3_configuration":[{"bucket_arn":"aws_s3_bucket.bucket.arn","buffer_interval":null,"buffer_size":null,"cloudwatch_logging_options":[],"compression_format":null,"data_format_conversion_configuration":[],"error_output_prefix":null,"kms_key_arn":null,"prefix":null,"processing_configuration":[],"role_arn":"aws_iam_role.firehose_role.arn","s3_backup_configuration":[],"s3_backup_mode":null}],"http_endpoint_configuration":[],"kinesis_source_configuration":[],"name":"cloudrail-firehose-test-encrypted","redshift_configuration":[],"s3_configuration":[],"server_side_encryption":[{"enabled":true,"key_arn":null,"key_type":null}],"splunk_configuration":[],"tags":null},"after_unknown":{"arn":true,"destination_id":true,"elasticsearch_configuration":[],"extended_s3_configuration":[{"cloudwatch_logging_options":[],"data_format_conversion_configuration":[],"processing_configuration":[],"s3_backup_configuration":[]}],"http_endpoint_configuration":[],"id":true,"kinesis_source_configuration":[],"redshift_configuration":[],"s3_configuration":[],"server_side_encryption":[{}],"splunk_configuration":[],"tags_all":true,"version_id":true}}},{"address":"aws_s3_bucket.bucket","mode":"managed","type":"aws_s3_bucket","name":"bucket","provider_name":"registry.terraform.io/hashicorp/aws","change":{"actions":["create"],"before":null,"after":{"acl":"private","bucket":"cloudrail-firehose-test-encrypted","bucket_prefix":null,"cors_rule":[],"force_destroy":false,"grant":[],"lifecycle_rule":[],"logging":[],"object_lock_configuration":[],"policy":null,"replication_configuration":[],"server_side_encryption_configuration":[],"tags":null,"versioning":[],"website":[]},"after_unknown":{"acceleration_status":true,"arn":true,"bucket_domain_name":true,"bucket_regional_domain_name":true,"cors_rule":[],"grant":[],"hosted_zone_id":true,"id":true,"lifecycle_rule":[],"logging":[],"object_lock_configuration":[],"region":true,"replication_configuration":[],"request_payer":true,"server_side_encryption_configuration":[],"tags_all":true,"versioning":[],"website":[],"website_domain":true,"website_endpoint":true}}}],"configuration":{"provider_config":{"aws":{"name":"aws","expressions":{"region":{"constant_value":"us-east-1"}}}},"root_module":{"resources":[{"address":"aws_iam_role.firehose_role","mode":"managed","type":"aws_iam_role","name":"firehose_role","provider_config_key":"aws","expressions":{"assume_role_policy":{"constant_value":"{\n  \"Version\": \"2012-10-17\",\n  \"Statement\": [\n    {\n      \"Action\": \"sts:AssumeRole\",\n      \"Principal\": {\n        \"Service\": \"firehose.amazonaws.com\"\n      },\n      \"Effect\": \"Allow\",\n      \"Sid\": \"\"\n    }\n  ]\n}\n"},"name":{"references":["local.name"]}},"schema_version":0,"raw_data":{"FileName":"main.tf","StartLine":5,"EndLine":23}},{"address":"aws_kinesis_firehose_delivery_stream.test","mode":"managed","type":"aws_kinesis_firehose_delivery_stream","name":"test","provider_config_key":"aws","expressions":{"destination":{"constant_value":"extended_s3"},"extended_s3_configuration":[{"bucket_arn":{"references":["aws_s3_bucket.bucket"]},"role_arn":{"references":["aws_iam_role.firehose_role"]}}],"name":{"references":["local.name"]},"server_side_encryption":[{"enabled":{"constant_value":true}}]},"schema_version":1,"raw_data":{"FileName":"main.tf","StartLine":30,"EndLine":42}},{"address":"aws_s3_bucket.bucket","mode":"managed","type":"aws_s3_bucket","name":"bucket","provider_config_key":"aws","expressions":{"acl":{"constant_value":"private"},"bucket":{"references":["local.name"]}},"schema_version":0,"raw_data":{"FileName":"main.tf","StartLine":25,"EndLine":28}}]}}}
