{"format_version":"0.1","terraform_version":"0.13.4","planned_values":{"root_module":{"resources":[{"address":"aws_instance.ubunbtu","mode":"managed","type":"aws_instance","name":"ubunbtu","provider_name":"registry.terraform.io/hashicorp/aws","schema_version":1,"values":{"ami":"ami-0ee02acd56a52998e","associate_public_ip_address":false,"capacity_reservation_specification":[],"credit_specification":[],"disable_api_termination":null,"ebs_block_device":[],"ebs_optimized":null,"enclave_options":[],"ephemeral_block_device":[],"get_password_data":false,"hibernation":null,"iam_instance_profile":null,"instance_type":"t2.micro","metadata_options":[],"monitoring":null,"network_interface":[],"root_block_device":[],"security_groups":["aws_security_group.LinuxSG.id"],"source_dest_check":true,"subnet_id":"aws_subnet.PublicSubnet1.id","tags":{"Name":"Linux Instance"},"tags_all":{"Name":"Linux Instance"},"timeouts":null,"user_data":null,"user_data_base64":null,"volume_tags":null}},{"address":"aws_internet_gateway.Igw","mode":"managed","type":"aws_internet_gateway","name":"Igw","provider_name":"registry.terraform.io/hashicorp/aws","schema_version":0,"values":{"tags":null,"vpc_id":"aws_vpc.VPC.id"}},{"address":"aws_route_table.RouteTablePublic","mode":"managed","type":"aws_route_table","name":"RouteTablePublic","provider_name":"registry.terraform.io/hashicorp/aws","schema_version":0,"values":{"route":[{"carrier_gateway_id":null,"cidr_block":"0.0.0.0/0","destination_prefix_list_id":null,"egress_only_gateway_id":null,"gateway_id":"aws_internet_gateway.Igw.id","instance_id":null,"ipv6_cidr_block":null,"local_gateway_id":null,"nat_gateway_id":null,"network_interface_id":null,"transit_gateway_id":null,"vpc_endpoint_id":null,"vpc_peering_connection_id":null}],"tags":{"Name":"Public Route Table"},"tags_all":{"Name":"Public Route Table"},"vpc_id":"aws_vpc.VPC.id"}},{"address":"aws_route_table_association.AssociationForRouteTablePublic0","mode":"managed","type":"aws_route_table_association","name":"AssociationForRouteTablePublic0","provider_name":"registry.terraform.io/hashicorp/aws","schema_version":0,"values":{"gateway_id":null,"route_table_id":"aws_route_table.RouteTablePublic.id","subnet_id":"aws_subnet.PublicSubnet1.id"}},{"address":"aws_security_group.LinuxSG","mode":"managed","type":"aws_security_group","name":"LinuxSG","provider_name":"registry.terraform.io/hashicorp/aws","schema_version":1,"values":{"description":"Linux EC2 security group.","egress":[{"cidr_blocks":["0.0.0.0/0"],"description":null,"from_port":0,"ipv6_cidr_blocks":null,"prefix_list_ids":null,"protocol":"-1","security_groups":null,"self":null,"to_port":0}],"ingress":[{"cidr_blocks":["0.0.0.0/0"],"description":null,"from_port":22,"ipv6_cidr_blocks":null,"prefix_list_ids":null,"protocol":"TCP","security_groups":null,"self":null,"to_port":22}],"name":"Linux-sg","revoke_rules_on_delete":false,"tags":null,"timeouts":null,"vpc_id":"aws_vpc.VPC.id"}},{"address":"aws_subnet.PublicSubnet1","mode":"managed","type":"aws_subnet","name":"PublicSubnet1","provider_name":"registry.terraform.io/hashicorp/aws","schema_version":1,"values":{"assign_ipv6_address_on_creation":false,"cidr_block":"10.0.0.0/24","customer_owned_ipv4_pool":null,"ipv6_cidr_block":null,"map_customer_owned_ip_on_launch":null,"map_public_ip_on_launch":true,"outpost_arn":null,"tags":{"Name":"Public Subnet AZ A"},"tags_all":{"Name":"Public Subnet AZ A"},"timeouts":null,"vpc_id":"aws_vpc.VPC.id"}},{"address":"aws_vpc.VPC","mode":"managed","type":"aws_vpc","name":"VPC","provider_name":"registry.terraform.io/hashicorp/aws","schema_version":1,"values":{"assign_generated_ipv6_cidr_block":false,"cidr_block":"10.0.0.0/16","enable_dns_hostnames":true,"enable_dns_support":true,"instance_tenancy":"default","tags":{"Name":"my-vpc"},"tags_all":{"Name":"my-vpc"}}}]}},"resource_changes":[{"address":"aws_instance.ubunbtu","mode":"managed","type":"aws_instance","name":"ubunbtu","provider_name":"registry.terraform.io/hashicorp/aws","change":{"actions":["create"],"before":null,"after":{"ami":"ami-0ee02acd56a52998e","associate_public_ip_address":false,"capacity_reservation_specification":[],"credit_specification":[],"disable_api_termination":null,"ebs_block_device":[],"ebs_optimized":null,"enclave_options":[],"ephemeral_block_device":[],"get_password_data":false,"hibernation":null,"iam_instance_profile":null,"instance_type":"t2.micro","metadata_options":[],"monitoring":null,"network_interface":[],"root_block_device":[],"security_groups":["aws_security_group.LinuxSG.id"],"source_dest_check":true,"subnet_id":"aws_subnet.PublicSubnet1.id","tags":{"Name":"Linux Instance"},"tags_all":{"Name":"Linux Instance"},"timeouts":null,"user_data":null,"user_data_base64":null,"volume_tags":null},"after_unknown":{"arn":true,"availability_zone":true,"capacity_reservation_specification":[],"cpu_core_count":true,"cpu_threads_per_core":true,"credit_specification":[],"ebs_block_device":[],"enclave_options":[],"ephemeral_block_device":[],"host_id":true,"id":true,"instance_initiated_shutdown_behavior":true,"instance_state":true,"ipv6_address_count":true,"ipv6_addresses":true,"key_name":true,"metadata_options":[],"network_interface":[],"outpost_arn":true,"password_data":true,"placement_group":true,"primary_network_interface_id":true,"private_dns":true,"private_ip":true,"public_dns":true,"public_ip":true,"root_block_device":[],"secondary_private_ips":true,"security_groups":[false],"tags":{},"tags_all":{},"tenancy":true,"vpc_security_group_ids":true}}},{"address":"aws_internet_gateway.Igw","mode":"managed","type":"aws_internet_gateway","name":"Igw","provider_name":"registry.terraform.io/hashicorp/aws","change":{"actions":["create"],"before":null,"after":{"tags":null,"vpc_id":"aws_vpc.VPC.id"},"after_unknown":{"arn":true,"id":true,"owner_id":true,"tags_all":true}}},{"address":"aws_route_table.RouteTablePublic","mode":"managed","type":"aws_route_table","name":"RouteTablePublic","provider_name":"registry.terraform.io/hashicorp/aws","change":{"actions":["create"],"before":null,"after":{"route":[{"carrier_gateway_id":null,"cidr_block":"0.0.0.0/0","destination_prefix_list_id":null,"egress_only_gateway_id":null,"gateway_id":"aws_internet_gateway.Igw.id","instance_id":null,"ipv6_cidr_block":null,"local_gateway_id":null,"nat_gateway_id":null,"network_interface_id":null,"transit_gateway_id":null,"vpc_endpoint_id":null,"vpc_peering_connection_id":null}],"tags":{"Name":"Public Route Table"},"tags_all":{"Name":"Public Route Table"},"vpc_id":"aws_vpc.VPC.id"},"after_unknown":{"arn":true,"id":true,"owner_id":true,"propagating_vgws":true,"route":[{}],"tags":{},"tags_all":{}}}},{"address":"aws_route_table_association.AssociationForRouteTablePublic0","mode":"managed","type":"aws_route_table_association","name":"AssociationForRouteTablePublic0","provider_name":"registry.terraform.io/hashicorp/aws","change":{"actions":["create"],"before":null,"after":{"gateway_id":null,"route_table_id":"aws_route_table.RouteTablePublic.id","subnet_id":"aws_subnet.PublicSubnet1.id"},"after_unknown":{"id":true}}},{"address":"aws_security_group.LinuxSG","mode":"managed","type":"aws_security_group","name":"LinuxSG","provider_name":"registry.terraform.io/hashicorp/aws","change":{"actions":["create"],"before":null,"after":{"description":"Linux EC2 security group.","egress":[{"cidr_blocks":["0.0.0.0/0"],"description":null,"from_port":0,"ipv6_cidr_blocks":null,"prefix_list_ids":null,"protocol":"-1","security_groups":null,"self":null,"to_port":0}],"ingress":[{"cidr_blocks":["0.0.0.0/0"],"description":null,"from_port":22,"ipv6_cidr_blocks":null,"prefix_list_ids":null,"protocol":"TCP","security_groups":null,"self":null,"to_port":22}],"name":"Linux-sg","revoke_rules_on_delete":false,"tags":null,"timeouts":null,"vpc_id":"aws_vpc.VPC.id"},"after_unknown":{"arn":true,"egress":[{"cidr_blocks":[false]}],"id":true,"ingress":[{"cidr_blocks":[false]}],"name_prefix":true,"owner_id":true,"tags_all":true}}},{"address":"aws_subnet.PublicSubnet1","mode":"managed","type":"aws_subnet","name":"PublicSubnet1","provider_name":"registry.terraform.io/hashicorp/aws","change":{"actions":["create"],"before":null,"after":{"assign_ipv6_address_on_creation":false,"cidr_block":"10.0.0.0/24","customer_owned_ipv4_pool":null,"ipv6_cidr_block":null,"map_customer_owned_ip_on_launch":null,"map_public_ip_on_launch":true,"outpost_arn":null,"tags":{"Name":"Public Subnet AZ A"},"tags_all":{"Name":"Public Subnet AZ A"},"timeouts":null,"vpc_id":"aws_vpc.VPC.id"},"after_unknown":{"arn":true,"availability_zone":true,"availability_zone_id":true,"id":true,"ipv6_cidr_block_association_id":true,"owner_id":true,"tags":{},"tags_all":{}}}},{"address":"aws_vpc.VPC","mode":"managed","type":"aws_vpc","name":"VPC","provider_name":"registry.terraform.io/hashicorp/aws","change":{"actions":["create"],"before":null,"after":{"assign_generated_ipv6_cidr_block":false,"cidr_block":"10.0.0.0/16","enable_dns_hostnames":true,"enable_dns_support":true,"instance_tenancy":"default","tags":{"Name":"my-vpc"},"tags_all":{"Name":"my-vpc"}},"after_unknown":{"arn":true,"default_network_acl_id":true,"default_route_table_id":true,"default_security_group_id":true,"dhcp_options_id":true,"enable_classiclink":true,"enable_classiclink_dns_support":true,"id":true,"ipv6_association_id":true,"ipv6_cidr_block":true,"main_route_table_id":true,"owner_id":true,"tags":{},"tags_all":{}}}}],"prior_state":{"format_version":"0.1","terraform_version":"0.13.4","values":{"root_module":{"resources":[{"address":"data.aws_ami.ubuntu","mode":"data","type":"aws_ami","name":"ubuntu","provider_name":"registry.terraform.io/hashicorp/aws","schema_version":0,"values":{"architecture":"x86_64","arn":"arn:aws:ec2:us-east-1::image/ami-0ee02acd56a52998e","block_device_mappings":[{"device_name":"/dev/sda1","ebs":{"delete_on_termination":"true","encrypted":"false","iops":"0","snapshot_id":"snap-02ea480fc9e115bab","throughput":"0","volume_size":"8","volume_type":"gp2"},"no_device":"","virtual_name":""},{"device_name":"/dev/sdb","ebs":{},"no_device":"","virtual_name":"ephemeral0"},{"device_name":"/dev/sdc","ebs":{},"no_device":"","virtual_name":"ephemeral1"}],"creation_date":"2021-04-29T05:50:56.000Z","description":"Canonical, Ubuntu, 16.04 LTS, amd64 xenial image build on 2021-04-29","ena_support":true,"executable_users":null,"filter":[{"name":"name","values":["ubuntu/images/hvm-ssd/ubuntu-xenial-16.04-amd64-server-*"]},{"name":"virtualization-type","values":["hvm"]}],"hypervisor":"xen","id":"ami-0ee02acd56a52998e","image_id":"ami-0ee02acd56a52998e","image_location":"099720109477/ubuntu/images/hvm-ssd/ubuntu-xenial-16.04-amd64-server-20210429","image_owner_alias":null,"image_type":"machine","kernel_id":null,"most_recent":true,"name":"ubuntu/images/hvm-ssd/ubuntu-xenial-16.04-amd64-server-20210429","name_regex":null,"owner_id":"099720109477","owners":["099720109477"],"platform":null,"platform_details":"Linux/UNIX","product_codes":[],"public":true,"ramdisk_id":null,"root_device_name":"/dev/sda1","root_device_type":"ebs","root_snapshot_id":"snap-02ea480fc9e115bab","sriov_net_support":"simple","state":"available","state_reason":{"code":"UNSET","message":"UNSET"},"tags":{},"usage_operation":"RunInstances","virtualization_type":"hvm"}}]}}},"configuration":{"provider_config":{"aws":{"name":"aws","expressions":{"region":{"constant_value":"us-east-1"}}}},"root_module":{"resources":[{"address":"aws_instance.ubunbtu","mode":"managed","type":"aws_instance","name":"ubunbtu","provider_config_key":"aws","expressions":{"ami":{"references":["data.aws_ami.ubuntu"]},"associate_public_ip_address":{"constant_value":"false"},"instance_type":{"constant_value":"t2.micro"},"security_groups":{"references":["aws_security_group.LinuxSG"]},"subnet_id":{"references":["aws_subnet.PublicSubnet1"]},"tags":{"constant_value":{"Name":"Linux Instance"}}},"schema_version":1,"raw_data":{"FileName":"main.tf","StartLine":82,"EndLine":92}},{"address":"aws_internet_gateway.Igw","mode":"managed","type":"aws_internet_gateway","name":"Igw","provider_config_key":"aws","expressions":{"vpc_id":{"references":["aws_vpc.VPC"]}},"schema_version":0,"raw_data":{"FileName":"main.tf","StartLine":39,"EndLine":41}},{"address":"aws_route_table.RouteTablePublic","mode":"managed","type":"aws_route_table","name":"RouteTablePublic","provider_config_key":"aws","expressions":{"tags":{"constant_value":{"Name":"Public Route Table"}},"vpc_id":{"references":["aws_vpc.VPC"]}},"schema_version":0,"depends_on":["aws_internet_gateway.Igw"],"raw_data":{"FileName":"main.tf","StartLine":20,"EndLine":32}},{"address":"aws_route_table_association.AssociationForRouteTablePublic0","mode":"managed","type":"aws_route_table_association","name":"AssociationForRouteTablePublic0","provider_config_key":"aws","expressions":{"route_table_id":{"references":["aws_route_table.RouteTablePublic"]},"subnet_id":{"references":["aws_subnet.PublicSubnet1"]}},"schema_version":0,"raw_data":{"FileName":"main.tf","StartLine":34,"EndLine":37}},{"address":"aws_security_group.LinuxSG","mode":"managed","type":"aws_security_group","name":"LinuxSG","provider_config_key":"aws","expressions":{"description":{"constant_value":"Linux EC2 security group."},"name":{"constant_value":"Linux-sg"},"vpc_id":{"references":["aws_vpc.VPC"]}},"schema_version":1,"raw_data":{"FileName":"main.tf","StartLine":45,"EndLine":64}},{"address":"aws_subnet.PublicSubnet1","mode":"managed","type":"aws_subnet","name":"PublicSubnet1","provider_config_key":"aws","expressions":{"cidr_block":{"constant_value":"10.0.0.0/24"},"map_public_ip_on_launch":{"constant_value":true},"tags":{"constant_value":{"Name":"Public Subnet AZ A"}},"vpc_id":{"references":["aws_vpc.VPC"]}},"schema_version":1,"raw_data":{"FileName":"main.tf","StartLine":10,"EndLine":18}},{"address":"aws_vpc.VPC","mode":"managed","type":"aws_vpc","name":"VPC","provider_config_key":"aws","expressions":{"cidr_block":{"constant_value":"10.0.0.0/16"},"enable_dns_hostnames":{"constant_value":true},"enable_dns_support":{"constant_value":true},"tags":{"constant_value":{"Name":"my-vpc"}}},"schema_version":1,"raw_data":{"FileName":"main.tf","StartLine":1,"EndLine":8}},{"address":"data.aws_ami.ubuntu","mode":"data","type":"aws_ami","name":"ubuntu","provider_config_key":"aws","expressions":{"filter":[{"name":{"constant_value":"name"},"values":{"constant_value":["ubuntu/images/hvm-ssd/ubuntu-xenial-16.04-amd64-server-*"]}},{"name":{"constant_value":"virtualization-type"},"values":{"constant_value":["hvm"]}}],"most_recent":{"constant_value":true},"owners":{"constant_value":["099720109477"]}},"schema_version":0,"raw_data":{"FileName":"main.tf","StartLine":66,"EndLine":80}}]}}}
