{"format_version":"0.1","terraform_version":"0.13.4","planned_values":{"root_module":{"resources":[{"address":"aws_instance.linux","mode":"managed","type":"aws_instance","name":"linux","provider_name":"registry.terraform.io/hashicorp/aws","schema_version":1,"values":{"ami":"ami-032930428bf1abbff","associate_public_ip_address":false,"capacity_reservation_specification":[],"credit_specification":[],"disable_api_termination":null,"ebs_block_device":[],"ebs_optimized":null,"enclave_options":[],"ephemeral_block_device":[],"get_password_data":false,"hibernation":null,"iam_instance_profile":null,"instance_type":"t2.micro","metadata_options":[],"monitoring":null,"network_interface":[],"root_block_device":[],"security_groups":["aws_security_group.inbound_to_lb.id"],"source_dest_check":true,"subnet_id":"aws_subnet.PublicSubnet1.id","tags":{"Name":"Linux Instance"},"tags_all":{"Name":"Linux Instance"},"timeouts":null,"user_data":null,"user_data_base64":null,"volume_tags":null}},{"address":"aws_security_group.inbound_to_lb","mode":"managed","type":"aws_security_group","name":"inbound_to_lb","provider_name":"registry.terraform.io/hashicorp/aws","schema_version":1,"values":{"description":"A distinct description","egress":[{"cidr_blocks":["0.0.0.0/0"],"description":null,"from_port":0,"ipv6_cidr_blocks":null,"prefix_list_ids":null,"protocol":"-1","security_groups":null,"self":null,"to_port":0}],"ingress":[{"cidr_blocks":["0.0.0.0/0"],"description":null,"from_port":80,"ipv6_cidr_blocks":null,"prefix_list_ids":null,"protocol":"TCP","security_groups":null,"self":null,"to_port":80}],"name":"distinct_name","revoke_rules_on_delete":false,"tags":null,"timeouts":null,"vpc_id":"aws_vpc.VPC.id"}},{"address":"aws_subnet.PublicSubnet1","mode":"managed","type":"aws_subnet","name":"PublicSubnet1","provider_name":"registry.terraform.io/hashicorp/aws","schema_version":1,"values":{"assign_ipv6_address_on_creation":false,"cidr_block":"10.1.0.0/24","customer_owned_ipv4_pool":null,"ipv6_cidr_block":null,"map_customer_owned_ip_on_launch":null,"map_public_ip_on_launch":true,"outpost_arn":null,"tags":{"Name":"Public Subnet AZ A"},"tags_all":{"Name":"Public Subnet AZ A"},"timeouts":null,"vpc_id":"aws_vpc.VPC.id"}},{"address":"aws_vpc.VPC","mode":"managed","type":"aws_vpc","name":"VPC","provider_name":"registry.terraform.io/hashicorp/aws","schema_version":1,"values":{"assign_generated_ipv6_cidr_block":false,"cidr_block":"10.1.0.0/16","enable_dns_hostnames":true,"enable_dns_support":true,"instance_tenancy":"default","tags":{"Name":"my-vpc"},"tags_all":{"Name":"my-vpc"}}}]}},"resource_changes":[{"address":"aws_instance.linux","mode":"managed","type":"aws_instance","name":"linux","provider_name":"registry.terraform.io/hashicorp/aws","change":{"actions":["create"],"before":null,"after":{"ami":"ami-032930428bf1abbff","associate_public_ip_address":false,"capacity_reservation_specification":[],"credit_specification":[],"disable_api_termination":null,"ebs_block_device":[],"ebs_optimized":null,"enclave_options":[],"ephemeral_block_device":[],"get_password_data":false,"hibernation":null,"iam_instance_profile":null,"instance_type":"t2.micro","metadata_options":[],"monitoring":null,"network_interface":[],"root_block_device":[],"security_groups":["aws_security_group.inbound_to_lb.id"],"source_dest_check":true,"subnet_id":"aws_subnet.PublicSubnet1.id","tags":{"Name":"Linux Instance"},"tags_all":{"Name":"Linux Instance"},"timeouts":null,"user_data":null,"user_data_base64":null,"volume_tags":null},"after_unknown":{"arn":true,"availability_zone":true,"capacity_reservation_specification":[],"cpu_core_count":true,"cpu_threads_per_core":true,"credit_specification":[],"ebs_block_device":[],"enclave_options":[],"ephemeral_block_device":[],"host_id":true,"id":true,"instance_initiated_shutdown_behavior":true,"instance_state":true,"ipv6_address_count":true,"ipv6_addresses":true,"key_name":true,"metadata_options":[],"network_interface":[],"outpost_arn":true,"password_data":true,"placement_group":true,"primary_network_interface_id":true,"private_dns":true,"private_ip":true,"public_dns":true,"public_ip":true,"root_block_device":[],"secondary_private_ips":true,"security_groups":[false],"tags":{},"tags_all":{},"tenancy":true,"vpc_security_group_ids":true}}},{"address":"aws_security_group.inbound_to_lb","mode":"managed","type":"aws_security_group","name":"inbound_to_lb","provider_name":"registry.terraform.io/hashicorp/aws","change":{"actions":["create"],"before":null,"after":{"description":"A distinct description","egress":[{"cidr_blocks":["0.0.0.0/0"],"description":null,"from_port":0,"ipv6_cidr_blocks":null,"prefix_list_ids":null,"protocol":"-1","security_groups":null,"self":null,"to_port":0}],"ingress":[{"cidr_blocks":["0.0.0.0/0"],"description":null,"from_port":80,"ipv6_cidr_blocks":null,"prefix_list_ids":null,"protocol":"TCP","security_groups":null,"self":null,"to_port":80}],"name":"distinct_name","revoke_rules_on_delete":false,"tags":null,"timeouts":null,"vpc_id":"aws_vpc.VPC.id"},"after_unknown":{"arn":true,"egress":[{"cidr_blocks":[false]}],"id":true,"ingress":[{"cidr_blocks":[false]}],"name_prefix":true,"owner_id":true,"tags_all":true}}},{"address":"aws_subnet.PublicSubnet1","mode":"managed","type":"aws_subnet","name":"PublicSubnet1","provider_name":"registry.terraform.io/hashicorp/aws","change":{"actions":["create"],"before":null,"after":{"assign_ipv6_address_on_creation":false,"cidr_block":"10.1.0.0/24","customer_owned_ipv4_pool":null,"ipv6_cidr_block":null,"map_customer_owned_ip_on_launch":null,"map_public_ip_on_launch":true,"outpost_arn":null,"tags":{"Name":"Public Subnet AZ A"},"tags_all":{"Name":"Public Subnet AZ A"},"timeouts":null,"vpc_id":"aws_vpc.VPC.id"},"after_unknown":{"arn":true,"availability_zone":true,"availability_zone_id":true,"id":true,"ipv6_cidr_block_association_id":true,"owner_id":true,"tags":{},"tags_all":{}}}},{"address":"aws_vpc.VPC","mode":"managed","type":"aws_vpc","name":"VPC","provider_name":"registry.terraform.io/hashicorp/aws","change":{"actions":["create"],"before":null,"after":{"assign_generated_ipv6_cidr_block":false,"cidr_block":"10.1.0.0/16","enable_dns_hostnames":true,"enable_dns_support":true,"instance_tenancy":"default","tags":{"Name":"my-vpc"},"tags_all":{"Name":"my-vpc"}},"after_unknown":{"arn":true,"default_network_acl_id":true,"default_route_table_id":true,"default_security_group_id":true,"dhcp_options_id":true,"enable_classiclink":true,"enable_classiclink_dns_support":true,"id":true,"ipv6_association_id":true,"ipv6_cidr_block":true,"main_route_table_id":true,"owner_id":true,"tags":{},"tags_all":{}}}}],"configuration":{"root_module":{"resources":[{"address":"aws_instance.linux","mode":"managed","type":"aws_instance","name":"linux","provider_config_key":"aws","expressions":{"ami":{"constant_value":"ami-032930428bf1abbff"},"associate_public_ip_address":{"constant_value":"false"},"instance_type":{"constant_value":"t2.micro"},"security_groups":{"references":["aws_security_group.inbound_to_lb"]},"subnet_id":{"references":["aws_subnet.PublicSubnet1"]},"tags":{"constant_value":{"Name":"Linux Instance"}}},"schema_version":1,"raw_data":{"FileName":"main.tf","StartLine":39,"EndLine":49}},{"address":"aws_security_group.inbound_to_lb","mode":"managed","type":"aws_security_group","name":"inbound_to_lb","provider_config_key":"aws","expressions":{"description":{"constant_value":"A distinct description"},"name":{"constant_value":"distinct_name"},"vpc_id":{"references":["aws_vpc.VPC"]}},"schema_version":1,"raw_data":{"FileName":"main.tf","StartLine":20,"EndLine":37}},{"address":"aws_subnet.PublicSubnet1","mode":"managed","type":"aws_subnet","name":"PublicSubnet1","provider_config_key":"aws","expressions":{"cidr_block":{"constant_value":"10.1.0.0/24"},"map_public_ip_on_launch":{"constant_value":true},"tags":{"constant_value":{"Name":"Public Subnet AZ A"}},"vpc_id":{"references":["aws_vpc.VPC"]}},"schema_version":1,"raw_data":{"FileName":"main.tf","StartLine":10,"EndLine":18}},{"address":"aws_vpc.VPC","mode":"managed","type":"aws_vpc","name":"VPC","provider_config_key":"aws","expressions":{"cidr_block":{"constant_value":"10.1.0.0/16"},"enable_dns_hostnames":{"constant_value":true},"enable_dns_support":{"constant_value":true},"tags":{"constant_value":{"Name":"my-vpc"}}},"schema_version":1,"raw_data":{"FileName":"main.tf","StartLine":1,"EndLine":8}}]}}}
