{"format_version":"0.1","terraform_version":"0.12.29","planned_values":{"root_module":{"resources":[{"address":"aws_cloudwatch_log_group.cloudrail-test","mode":"managed","type":"aws_cloudwatch_log_group","name":"cloudrail-test","provider_name":"aws","schema_version":0,"values":{"kms_key_id":"arn:aws:kms:us-east-1:115553109071:key/205771cb-67bc-4f34-8bda-1ad305e9e99a","name_prefix":null,"retention_in_days":1,"tags":null}}]}},"resource_changes":[{"address":"aws_cloudwatch_log_group.cloudrail-test","mode":"managed","type":"aws_cloudwatch_log_group","name":"cloudrail-test","provider_name":"aws","change":{"actions":["create"],"before":null,"after":{"kms_key_id":"arn:aws:kms:us-east-1:115553109071:key/205771cb-67bc-4f34-8bda-1ad305e9e99a","name_prefix":null,"retention_in_days":1,"tags":null},"after_unknown":{"arn":true,"id":true,"name":true}}}],"prior_state":{"format_version":"0.1","terraform_version":"0.12.29","values":{"root_module":{"resources":[{"address":"data.aws_kms_key.by_alias","mode":"data","type":"aws_kms_key","name":"by_alias","provider_name":"aws","schema_version":0,"values":{"arn":"arn:aws:kms:us-east-1:115553109071:key/205771cb-67bc-4f34-8bda-1ad305e9e99a","aws_account_id":"115553109071","creation_date":"2020-12-16T08:05:41Z","customer_master_key_spec":"SYMMETRIC_DEFAULT","deletion_date":null,"description":"KMS key for Cloudwath Log Group","enabled":true,"expiration_model":"","grant_tokens":null,"id":"205771cb-67bc-4f34-8bda-1ad305e9e99a","key_id":"alias/test-log-group","key_manager":"CUSTOMER","key_state":"Enabled","key_usage":"ENCRYPT_DECRYPT","origin":"AWS_KMS","valid_to":null}}]}}},"configuration":{"provider_config":{"aws":{"name":"aws","expressions":{"region":{"constant_value":"us-east-1"}}}},"root_module":{"resources":[{"address":"aws_cloudwatch_log_group.cloudrail-test","mode":"managed","type":"aws_cloudwatch_log_group","name":"cloudrail-test","provider_config_key":"aws","expressions":{"kms_key_id":{"references":["data.aws_kms_key.by_alias"]},"retention_in_days":{"constant_value":1}},"schema_version":0,"raw_data":{"FileName":"main.tf","StartLine":9,"EndLine":12}},{"address":"data.aws_kms_key.by_alias","mode":"data","type":"aws_kms_key","name":"by_alias","provider_config_key":"aws","expressions":{"key_id":{"constant_value":"alias/test-log-group"}},"schema_version":0,"raw_data":{"FileName":"main.tf","StartLine":5,"EndLine":7}}]}}}
