{"format_version":"0.1","terraform_version":"0.13.4","planned_values":{"root_module":{"resources":[{"address":"aws_ecr_repository.test","mode":"managed","type":"aws_ecr_repository","name":"test","provider_name":"registry.terraform.io/hashicorp/aws","schema_version":0,"values":{"image_scanning_configuration":[{"scan_on_push":true}],"image_tag_mutability":"MUTABLE","name":"cloudrail-test-on-push-enabled","tags":null,"timeouts":null}}]}},"resource_changes":[{"address":"aws_ecr_repository.test","mode":"managed","type":"aws_ecr_repository","name":"test","provider_name":"registry.terraform.io/hashicorp/aws","change":{"actions":["create"],"before":null,"after":{"image_scanning_configuration":[{"scan_on_push":true}],"image_tag_mutability":"MUTABLE","name":"cloudrail-test-on-push-enabled","tags":null,"timeouts":null},"after_unknown":{"arn":true,"id":true,"image_scanning_configuration":[{}],"registry_id":true,"repository_url":true}}}],"configuration":{"provider_config":{"aws":{"name":"aws","version_constraint":"2.70.0","expressions":{"region":{"constant_value":"us-east-1"}}}},"root_module":{"resources":[{"address":"aws_ecr_repository.test","mode":"managed","type":"aws_ecr_repository","name":"test","provider_config_key":"aws","expressions":{"image_scanning_configuration":[{"scan_on_push":{"constant_value":true}}],"name":{"constant_value":"cloudrail-test-on-push-enabled"}},"schema_version":0,"raw_data":{"FileName":"main.tf","StartLine":2,"EndLine":8}}]}}}
