{"format_version":"0.1","terraform_version":"0.12.29","planned_values":{"root_module":{"resources":[{"address":"aws_efs_file_system.cloudrail","mode":"managed","type":"aws_efs_file_system","name":"cloudrail","provider_name":"aws","schema_version":0,"values":{"creation_token":"cloudrail-encrypted","encrypted":true,"lifecycle_policy":[],"provisioned_throughput_in_mibps":null,"tags":{"Name":"Encrypted"},"throughput_mode":"bursting"}},{"address":"aws_efs_mount_target.alpha","mode":"managed","type":"aws_efs_mount_target","name":"alpha","provider_name":"aws","schema_version":0,"values":{"file_system_id":"aws_efs_file_system.cloudrail.id","security_groups":["aws_security_group.nondefault.id"],"subnet_id":"aws_subnet.alpha_subnet.id"}},{"address":"aws_internet_gateway.gw","mode":"managed","type":"aws_internet_gateway","name":"gw","provider_name":"aws","schema_version":0,"values":{"tags":{"Name":"main"},"vpc_id":"aws_vpc.main.id"}},{"address":"aws_route_table.public-rtb","mode":"managed","type":"aws_route_table","name":"public-rtb","provider_name":"aws","schema_version":0,"values":{"route":[{"carrier_gateway_id":null,"cidr_block":"0.0.0.0/0","destination_prefix_list_id":null,"egress_only_gateway_id":null,"gateway_id":"aws_internet_gateway.gw.id","instance_id":null,"ipv6_cidr_block":null,"local_gateway_id":null,"nat_gateway_id":null,"network_interface_id":null,"transit_gateway_id":null,"vpc_endpoint_id":null,"vpc_peering_connection_id":null}],"tags":{"Name":"public-rtb"},"vpc_id":"aws_vpc.main.id"}},{"address":"aws_route_table_association.public-rtb-assoc_1","mode":"managed","type":"aws_route_table_association","name":"public-rtb-assoc_1","provider_name":"aws","schema_version":0,"values":{"gateway_id":null,"route_table_id":"aws_route_table.public-rtb.id","subnet_id":"aws_subnet.alpha_subnet.id"}},{"address":"aws_security_group.nondefault","mode":"managed","type":"aws_security_group","name":"nondefault","provider_name":"aws","schema_version":1,"values":{"description":"Managed by Terraform","egress":[{"cidr_blocks":["0.0.0.0/0"],"description":null,"from_port":0,"ipv6_cidr_blocks":null,"prefix_list_ids":null,"protocol":"-1","security_groups":null,"self":null,"to_port":0}],"ingress":[{"cidr_blocks":["0.0.0.0/0"],"description":null,"from_port":0,"ipv6_cidr_blocks":null,"prefix_list_ids":null,"protocol":"-1","security_groups":null,"self":null,"to_port":0}],"revoke_rules_on_delete":false,"tags":null,"timeouts":null,"vpc_id":"aws_vpc.main.id"}},{"address":"aws_security_group.unused","mode":"managed","type":"aws_security_group","name":"unused","provider_name":"aws","schema_version":1,"values":{"description":"Managed by Terraform","ingress":[{"cidr_blocks":["0.0.0.0/0"],"description":null,"from_port":53,"ipv6_cidr_blocks":null,"prefix_list_ids":null,"protocol":"UDP","security_groups":null,"self":null,"to_port":53}],"name":"Unused security group","revoke_rules_on_delete":false,"tags":null,"timeouts":null,"vpc_id":"aws_vpc.main.id"}},{"address":"aws_subnet.alpha_subnet","mode":"managed","type":"aws_subnet","name":"alpha_subnet","provider_name":"aws","schema_version":1,"values":{"assign_ipv6_address_on_creation":false,"cidr_block":"192.168.100.0/25","customer_owned_ipv4_pool":null,"ipv6_cidr_block":null,"map_customer_owned_ip_on_launch":null,"map_public_ip_on_launch":false,"outpost_arn":null,"tags":null,"timeouts":null,"vpc_id":"aws_vpc.main.id"}},{"address":"aws_vpc.main","mode":"managed","type":"aws_vpc","name":"main","provider_name":"aws","schema_version":1,"values":{"assign_generated_ipv6_cidr_block":false,"cidr_block":"192.168.100.0/24","enable_dns_support":true,"instance_tenancy":"default","tags":null}}]}},"resource_changes":[{"address":"aws_efs_file_system.cloudrail","mode":"managed","type":"aws_efs_file_system","name":"cloudrail","provider_name":"aws","change":{"actions":["create"],"before":null,"after":{"creation_token":"cloudrail-encrypted","encrypted":true,"lifecycle_policy":[],"provisioned_throughput_in_mibps":null,"tags":{"Name":"Encrypted"},"throughput_mode":"bursting"},"after_unknown":{"arn":true,"availability_zone_id":true,"availability_zone_name":true,"dns_name":true,"id":true,"kms_key_id":true,"lifecycle_policy":[],"number_of_mount_targets":true,"owner_id":true,"performance_mode":true,"size_in_bytes":true,"tags":{}}}},{"address":"aws_efs_mount_target.alpha","mode":"managed","type":"aws_efs_mount_target","name":"alpha","provider_name":"aws","change":{"actions":["create"],"before":null,"after":{"file_system_id":"aws_efs_file_system.cloudrail.id","security_groups":["aws_security_group.nondefault.id"],"subnet_id":"aws_subnet.alpha_subnet.id"},"after_unknown":{"availability_zone_id":true,"availability_zone_name":true,"dns_name":true,"file_system_arn":true,"id":true,"ip_address":true,"mount_target_dns_name":true,"network_interface_id":true,"owner_id":true,"security_groups":[false]}}},{"address":"aws_internet_gateway.gw","mode":"managed","type":"aws_internet_gateway","name":"gw","provider_name":"aws","change":{"actions":["create"],"before":null,"after":{"tags":{"Name":"main"},"vpc_id":"aws_vpc.main.id"},"after_unknown":{"arn":true,"id":true,"owner_id":true,"tags":{}}}},{"address":"aws_route_table.public-rtb","mode":"managed","type":"aws_route_table","name":"public-rtb","provider_name":"aws","change":{"actions":["create"],"before":null,"after":{"route":[{"carrier_gateway_id":null,"cidr_block":"0.0.0.0/0","destination_prefix_list_id":null,"egress_only_gateway_id":null,"gateway_id":"aws_internet_gateway.gw.id","instance_id":null,"ipv6_cidr_block":null,"local_gateway_id":null,"nat_gateway_id":null,"network_interface_id":null,"transit_gateway_id":null,"vpc_endpoint_id":null,"vpc_peering_connection_id":null}],"tags":{"Name":"public-rtb"},"vpc_id":"aws_vpc.main.id"},"after_unknown":{"arn":true,"id":true,"owner_id":true,"propagating_vgws":true,"route":[{}],"tags":{}}}},{"address":"aws_route_table_association.public-rtb-assoc_1","mode":"managed","type":"aws_route_table_association","name":"public-rtb-assoc_1","provider_name":"aws","change":{"actions":["create"],"before":null,"after":{"gateway_id":null,"route_table_id":"aws_route_table.public-rtb.id","subnet_id":"aws_subnet.alpha_subnet.id"},"after_unknown":{"id":true}}},{"address":"aws_security_group.nondefault","mode":"managed","type":"aws_security_group","name":"nondefault","provider_name":"aws","change":{"actions":["create"],"before":null,"after":{"description":"Managed by Terraform","egress":[{"cidr_blocks":["0.0.0.0/0"],"description":null,"from_port":0,"ipv6_cidr_blocks":null,"prefix_list_ids":null,"protocol":"-1","security_groups":null,"self":null,"to_port":0}],"ingress":[{"cidr_blocks":["0.0.0.0/0"],"description":null,"from_port":0,"ipv6_cidr_blocks":null,"prefix_list_ids":null,"protocol":"-1","security_groups":null,"self":null,"to_port":0}],"revoke_rules_on_delete":false,"tags":null,"timeouts":null,"vpc_id":"aws_vpc.main.id"},"after_unknown":{"arn":true,"egress":[{"cidr_blocks":[false]}],"id":true,"ingress":[{"cidr_blocks":[false]}],"name":true,"name_prefix":true,"owner_id":true}}},{"address":"aws_security_group.unused","mode":"managed","type":"aws_security_group","name":"unused","provider_name":"aws","change":{"actions":["create"],"before":null,"after":{"description":"Managed by Terraform","ingress":[{"cidr_blocks":["0.0.0.0/0"],"description":null,"from_port":53,"ipv6_cidr_blocks":null,"prefix_list_ids":null,"protocol":"UDP","security_groups":null,"self":null,"to_port":53}],"name":"Unused security group","revoke_rules_on_delete":false,"tags":null,"timeouts":null,"vpc_id":"aws_vpc.main.id"},"after_unknown":{"arn":true,"egress":true,"id":true,"ingress":[{"cidr_blocks":[false]}],"name_prefix":true,"owner_id":true}}},{"address":"aws_subnet.alpha_subnet","mode":"managed","type":"aws_subnet","name":"alpha_subnet","provider_name":"aws","change":{"actions":["create"],"before":null,"after":{"assign_ipv6_address_on_creation":false,"cidr_block":"192.168.100.0/25","customer_owned_ipv4_pool":null,"ipv6_cidr_block":null,"map_customer_owned_ip_on_launch":null,"map_public_ip_on_launch":false,"outpost_arn":null,"tags":null,"timeouts":null,"vpc_id":"aws_vpc.main.id"},"after_unknown":{"arn":true,"availability_zone":true,"availability_zone_id":true,"id":true,"ipv6_cidr_block_association_id":true,"owner_id":true,"tags_all":true}}},{"address":"aws_vpc.main","mode":"managed","type":"aws_vpc","name":"main","provider_name":"aws","change":{"actions":["create"],"before":null,"after":{"assign_generated_ipv6_cidr_block":false,"cidr_block":"192.168.100.0/24","enable_dns_support":true,"instance_tenancy":"default","tags":null},"after_unknown":{"arn":true,"default_network_acl_id":true,"default_route_table_id":true,"default_security_group_id":true,"dhcp_options_id":true,"enable_classiclink":true,"enable_classiclink_dns_support":true,"enable_dns_hostnames":true,"id":true,"ipv6_association_id":true,"ipv6_cidr_block":true,"main_route_table_id":true,"owner_id":true,"tags_all":true}}}],"configuration":{"provider_config":{"aws":{"name":"aws","expressions":{"region":{"constant_value":"us-east-1"}}}},"root_module":{"resources":[{"address":"aws_efs_file_system.cloudrail","mode":"managed","type":"aws_efs_file_system","name":"cloudrail","provider_config_key":"aws","expressions":{"creation_token":{"constant_value":"cloudrail-encrypted"},"encrypted":{"constant_value":true},"tags":{"constant_value":{"Name":"Encrypted"}}},"schema_version":0,"raw_data":{"FileName":"main.tf","StartLine":5,"EndLine":12}},{"address":"aws_efs_mount_target.alpha","mode":"managed","type":"aws_efs_mount_target","name":"alpha","provider_config_key":"aws","expressions":{"file_system_id":{"references":["aws_efs_file_system.cloudrail"]},"security_groups":{"references":["aws_security_group.nondefault"]},"subnet_id":{"references":["aws_subnet.alpha_subnet"]}},"schema_version":0,"raw_data":{"FileName":"main.tf","StartLine":14,"EndLine":18}},{"address":"aws_internet_gateway.gw","mode":"managed","type":"aws_internet_gateway","name":"gw","provider_config_key":"aws","expressions":{"tags":{"constant_value":{"Name":"main"}},"vpc_id":{"references":["aws_vpc.main"]}},"schema_version":0,"raw_data":{"FileName":"main.tf","StartLine":49,"EndLine":55}},{"address":"aws_route_table.public-rtb","mode":"managed","type":"aws_route_table","name":"public-rtb","provider_config_key":"aws","expressions":{"tags":{"constant_value":{"Name":"public-rtb"}},"vpc_id":{"references":["aws_vpc.main"]}},"schema_version":0,"raw_data":{"FileName":"main.tf","StartLine":57,"EndLine":68}},{"address":"aws_route_table_association.public-rtb-assoc_1","mode":"managed","type":"aws_route_table_association","name":"public-rtb-assoc_1","provider_config_key":"aws","expressions":{"route_table_id":{"references":["aws_route_table.public-rtb"]},"subnet_id":{"references":["aws_subnet.alpha_subnet"]}},"schema_version":0,"raw_data":{"FileName":"main.tf","StartLine":70,"EndLine":73}},{"address":"aws_security_group.nondefault","mode":"managed","type":"aws_security_group","name":"nondefault","provider_config_key":"aws","expressions":{"vpc_id":{"references":["aws_vpc.main"]}},"schema_version":1,"raw_data":{"FileName":"main.tf","StartLine":30,"EndLine":47}},{"address":"aws_security_group.unused","mode":"managed","type":"aws_security_group","name":"unused","provider_config_key":"aws","expressions":{"name":{"constant_value":"Unused security group"},"vpc_id":{"references":["aws_vpc.main"]}},"schema_version":1,"raw_data":{"FileName":"main.tf","StartLine":76,"EndLine":86}},{"address":"aws_subnet.alpha_subnet","mode":"managed","type":"aws_subnet","name":"alpha_subnet","provider_config_key":"aws","expressions":{"cidr_block":{"constant_value":"192.168.100.0/25"},"vpc_id":{"references":["aws_vpc.main"]}},"schema_version":1,"raw_data":{"FileName":"main.tf","StartLine":24,"EndLine":28}},{"address":"aws_vpc.main","mode":"managed","type":"aws_vpc","name":"main","provider_config_key":"aws","expressions":{"cidr_block":{"constant_value":"192.168.100.0/24"}},"schema_version":1,"raw_data":{"FileName":"main.tf","StartLine":20,"EndLine":22}}]}}}
