{"format_version":"0.1","terraform_version":"0.12.29","planned_values":{"root_module":{"resources":[{"address":"aws_kms_key.test","mode":"managed","type":"aws_kms_key","name":"test","provider_name":"aws","schema_version":0,"values":{"customer_master_key_spec":"SYMMETRIC_DEFAULT","deletion_window_in_days":7,"description":"customer-managed CMK for SQS test","enable_key_rotation":false,"is_enabled":true,"key_usage":"ENCRYPT_DECRYPT","tags":null}},{"address":"aws_sqs_queue.test","mode":"managed","type":"aws_sqs_queue","name":"test","provider_name":"aws","schema_version":0,"values":{"content_based_deduplication":false,"delay_seconds":0,"fifo_queue":false,"kms_master_key_id":"aws_kms_key.test.arn","max_message_size":262144,"message_retention_seconds":345600,"name":"sqs_encrypted","name_prefix":null,"receive_wait_time_seconds":0,"redrive_policy":null,"tags":null,"visibility_timeout_seconds":30}}]}},"resource_changes":[{"address":"aws_kms_key.test","mode":"managed","type":"aws_kms_key","name":"test","provider_name":"aws","change":{"actions":["create"],"before":null,"after":{"customer_master_key_spec":"SYMMETRIC_DEFAULT","deletion_window_in_days":7,"description":"customer-managed CMK for SQS test","enable_key_rotation":false,"is_enabled":true,"key_usage":"ENCRYPT_DECRYPT","tags":null},"after_unknown":{"arn":true,"id":true,"key_id":true,"policy":true}}},{"address":"aws_sqs_queue.test","mode":"managed","type":"aws_sqs_queue","name":"test","provider_name":"aws","change":{"actions":["create"],"before":null,"after":{"content_based_deduplication":false,"delay_seconds":0,"fifo_queue":false,"kms_master_key_id":"aws_kms_key.test.arn","max_message_size":262144,"message_retention_seconds":345600,"name":"sqs_encrypted","name_prefix":null,"receive_wait_time_seconds":0,"redrive_policy":null,"tags":null,"visibility_timeout_seconds":30},"after_unknown":{"arn":true,"id":true,"kms_data_key_reuse_period_seconds":true,"policy":true}}}],"configuration":{"provider_config":{"aws":{"name":"aws","expressions":{"region":{"constant_value":"us-east-1"}}}},"root_module":{"resources":[{"address":"aws_kms_key.test","mode":"managed","type":"aws_kms_key","name":"test","provider_config_key":"aws","expressions":{"deletion_window_in_days":{"constant_value":7},"description":{"constant_value":"customer-managed CMK for SQS test"}},"schema_version":0,"raw_data":{"FileName":"main.tf","StartLine":5,"EndLine":8}},{"address":"aws_sqs_queue.test","mode":"managed","type":"aws_sqs_queue","name":"test","provider_config_key":"aws","expressions":{"kms_master_key_id":{"references":["aws_kms_key.test"]},"name":{"constant_value":"sqs_encrypted"}},"schema_version":0,"raw_data":{"FileName":"main.tf","StartLine":10,"EndLine":13}}]}}}
