{"format_version":"0.1","terraform_version":"0.13.4","planned_values":{"root_module":{"resources":[{"address":"aws_cloudwatch_log_group.test","mode":"managed","type":"aws_cloudwatch_log_group","name":"test","provider_name":"registry.terraform.io/hashicorp/aws","schema_version":0,"values":{"kms_key_id":null,"name":"test-log-group","name_prefix":null,"retention_in_days":0,"tags":null}},{"address":"aws_cloudwatch_log_resource_policy.example","mode":"managed","type":"aws_cloudwatch_log_resource_policy","name":"example","provider_name":"registry.terraform.io/hashicorp/aws","schema_version":0,"values":{"policy_document":"{\n  \"Version\": \"2012-10-17\",\n  \"Statement\": [\n    {\n      \"Effect\": \"Allow\",\n      \"Principal\": {\n        \"Service\": \"es.amazonaws.com\"\n      },\n      \"Action\": [\n        \"logs:PutLogEvents\",\n        \"logs:PutLogEventsBatch\",\n        \"logs:CreateLogStream\"\n      ],\n      \"Resource\": \"arn:aws:logs:*\"\n    }\n  ]\n}\n","policy_name":"example"}},{"address":"aws_elasticsearch_domain.test","mode":"managed","type":"aws_elasticsearch_domain","name":"test","provider_name":"registry.terraform.io/hashicorp/aws","schema_version":0,"values":{"advanced_security_options":[],"cluster_config":[{"dedicated_master_count":null,"dedicated_master_enabled":null,"dedicated_master_type":null,"instance_count":null,"instance_type":"i3.large.elasticsearch","warm_count":null,"warm_enabled":null,"warm_type":null,"zone_awareness_config":[],"zone_awareness_enabled":null}],"cognito_options":[],"domain_endpoint_options":[],"domain_name":"domain-logging-test","ebs_options":[],"elasticsearch_version":"5.1","encrypt_at_rest":[],"log_publishing_options":[],"node_to_node_encryption":[],"snapshot_options":[],"tags":null,"timeouts":null,"vpc_options":[]}}]}},"resource_changes":[{"address":"aws_cloudwatch_log_group.test","mode":"managed","type":"aws_cloudwatch_log_group","name":"test","provider_name":"registry.terraform.io/hashicorp/aws","change":{"actions":["create"],"before":null,"after":{"kms_key_id":null,"name":"test-log-group","name_prefix":null,"retention_in_days":0,"tags":null},"after_unknown":{"arn":true,"id":true,"tags_all":true}}},{"address":"aws_cloudwatch_log_resource_policy.example","mode":"managed","type":"aws_cloudwatch_log_resource_policy","name":"example","provider_name":"registry.terraform.io/hashicorp/aws","change":{"actions":["create"],"before":null,"after":{"policy_document":"{\n  \"Version\": \"2012-10-17\",\n  \"Statement\": [\n    {\n      \"Effect\": \"Allow\",\n      \"Principal\": {\n        \"Service\": \"es.amazonaws.com\"\n      },\n      \"Action\": [\n        \"logs:PutLogEvents\",\n        \"logs:PutLogEventsBatch\",\n        \"logs:CreateLogStream\"\n      ],\n      \"Resource\": \"arn:aws:logs:*\"\n    }\n  ]\n}\n","policy_name":"example"},"after_unknown":{"id":true}}},{"address":"aws_elasticsearch_domain.test","mode":"managed","type":"aws_elasticsearch_domain","name":"test","provider_name":"registry.terraform.io/hashicorp/aws","change":{"actions":["create"],"before":null,"after":{"advanced_security_options":[],"cluster_config":[{"dedicated_master_count":null,"dedicated_master_enabled":null,"dedicated_master_type":null,"instance_count":null,"instance_type":"i3.large.elasticsearch","warm_count":null,"warm_enabled":null,"warm_type":null,"zone_awareness_config":[],"zone_awareness_enabled":null}],"cognito_options":[],"domain_endpoint_options":[],"domain_name":"domain-logging-test","ebs_options":[],"elasticsearch_version":"5.1","encrypt_at_rest":[],"log_publishing_options":[],"node_to_node_encryption":[],"snapshot_options":[],"tags":null,"timeouts":null,"vpc_options":[]},"after_unknown":{"access_policies":true,"advanced_options":true,"advanced_security_options":[],"arn":true,"cluster_config":[{"zone_awareness_config":[]}],"cognito_options":[],"domain_endpoint_options":[],"domain_id":true,"ebs_options":[],"encrypt_at_rest":[],"endpoint":true,"id":true,"kibana_endpoint":true,"log_publishing_options":[],"node_to_node_encryption":[],"snapshot_options":[],"tags_all":true,"vpc_options":[]}}}],"configuration":{"provider_config":{"aws":{"name":"aws","expressions":{"region":{"constant_value":"us-east-1"}}}},"root_module":{"resources":[{"address":"aws_cloudwatch_log_group.test","mode":"managed","type":"aws_cloudwatch_log_group","name":"test","provider_config_key":"aws","expressions":{"name":{"constant_value":"test-log-group"}},"schema_version":0,"raw_data":{"FileName":"main.tf","StartLine":15,"EndLine":17}},{"address":"aws_cloudwatch_log_resource_policy.example","mode":"managed","type":"aws_cloudwatch_log_resource_policy","name":"example","provider_config_key":"aws","expressions":{"policy_document":{"constant_value":"{\n  \"Version\": \"2012-10-17\",\n  \"Statement\": [\n    {\n      \"Effect\": \"Allow\",\n      \"Principal\": {\n        \"Service\": \"es.amazonaws.com\"\n      },\n      \"Action\": [\n        \"logs:PutLogEvents\",\n        \"logs:PutLogEventsBatch\",\n        \"logs:CreateLogStream\"\n      ],\n      \"Resource\": \"arn:aws:logs:*\"\n    }\n  ]\n}\n"},"policy_name":{"constant_value":"example"}},"schema_version":0,"raw_data":{"FileName":"main.tf","StartLine":19,"EndLine":41}},{"address":"aws_elasticsearch_domain.test","mode":"managed","type":"aws_elasticsearch_domain","name":"test","provider_config_key":"aws","expressions":{"cluster_config":[{"instance_type":{"constant_value":"i3.large.elasticsearch"}}],"domain_name":{"constant_value":"domain-logging-test"},"elasticsearch_version":{"constant_value":"5.1"}},"schema_version":0,"raw_data":{"FileName":"main.tf","StartLine":5,"EndLine":13}}]}}}
