{"format_version":"0.1","terraform_version":"0.13.4","planned_values":{"root_module":{"resources":[{"address":"aws_dynamodb_table.test","mode":"managed","type":"aws_dynamodb_table","name":"test","provider_name":"registry.terraform.io/hashicorp/aws","schema_version":1,"values":{"attribute":[{"name":"UserId","type":"S"}],"billing_mode":"PROVISIONED","global_secondary_index":[],"hash_key":"UserId","local_secondary_index":[],"name":"cloudrail-test","point_in_time_recovery":[],"range_key":null,"read_capacity":1,"replica":[],"server_side_encryption":[{"enabled":true,"kms_key_arn":"aws_kms_key.test.arn"}],"stream_enabled":null,"tags":null,"timeouts":null,"ttl":[],"write_capacity":1}},{"address":"aws_kms_key.test","mode":"managed","type":"aws_kms_key","name":"test","provider_name":"registry.terraform.io/hashicorp/aws","schema_version":0,"values":{"customer_master_key_spec":"SYMMETRIC_DEFAULT","deletion_window_in_days":7,"description":"KMS key for DynamoDB","enable_key_rotation":false,"is_enabled":true,"key_usage":"ENCRYPT_DECRYPT","tags":null}}]}},"resource_changes":[{"address":"aws_dynamodb_table.test","mode":"managed","type":"aws_dynamodb_table","name":"test","provider_name":"registry.terraform.io/hashicorp/aws","change":{"actions":["create"],"before":null,"after":{"attribute":[{"name":"UserId","type":"S"}],"billing_mode":"PROVISIONED","global_secondary_index":[],"hash_key":"UserId","local_secondary_index":[],"name":"cloudrail-test","point_in_time_recovery":[],"range_key":null,"read_capacity":1,"replica":[],"server_side_encryption":[{"enabled":true,"kms_key_arn":"aws_kms_key.test.arn"}],"stream_enabled":null,"tags":null,"timeouts":null,"ttl":[],"write_capacity":1},"after_unknown":{"arn":true,"attribute":[{}],"global_secondary_index":[],"id":true,"local_secondary_index":[],"point_in_time_recovery":[],"replica":[],"server_side_encryption":[{}],"stream_arn":true,"stream_label":true,"stream_view_type":true,"tags_all":true,"ttl":[]}}},{"address":"aws_kms_key.test","mode":"managed","type":"aws_kms_key","name":"test","provider_name":"registry.terraform.io/hashicorp/aws","change":{"actions":["create"],"before":null,"after":{"customer_master_key_spec":"SYMMETRIC_DEFAULT","deletion_window_in_days":7,"description":"KMS key for DynamoDB","enable_key_rotation":false,"is_enabled":true,"key_usage":"ENCRYPT_DECRYPT","tags":null},"after_unknown":{"arn":true,"id":true,"key_id":true,"policy":true,"tags_all":true}}}],"configuration":{"provider_config":{"aws":{"name":"aws","expressions":{"region":{"constant_value":"us-east-1"}}}},"root_module":{"resources":[{"address":"aws_dynamodb_table.test","mode":"managed","type":"aws_dynamodb_table","name":"test","provider_config_key":"aws","expressions":{"attribute":[{"name":{"constant_value":"UserId"},"type":{"constant_value":"S"}}],"hash_key":{"constant_value":"UserId"},"name":{"constant_value":"cloudrail-test"},"read_capacity":{"constant_value":1},"server_side_encryption":[{"enabled":{"constant_value":true},"kms_key_arn":{"references":["aws_kms_key.test"]}}],"write_capacity":{"constant_value":1}},"schema_version":1,"raw_data":{"FileName":"main.tf","StartLine":7,"EndLine":22}},{"address":"aws_kms_key.test","mode":"managed","type":"aws_kms_key","name":"test","provider_config_key":"aws","expressions":{"deletion_window_in_days":{"constant_value":7},"description":{"constant_value":"KMS key for DynamoDB"}},"schema_version":0,"raw_data":{"FileName":"main.tf","StartLine":2,"EndLine":5}}]}}}
