{"format_version":"0.1","terraform_version":"0.12.29","planned_values":{"root_module":{"child_modules":[{"resources":[{"address":"module.test_module.aws_sqs_queue.cloudrail","mode":"managed","type":"aws_sqs_queue","name":"cloudrail","provider_name":"aws","schema_version":0,"values":{"content_based_deduplication":false,"delay_seconds":90,"fifo_queue":false,"kms_master_key_id":"alias/aws/sqs","max_message_size":2048,"message_retention_seconds":86400,"name":"sqs_encrypted","name_prefix":null,"receive_wait_time_seconds":10,"redrive_policy":null,"tags":{"Environment":"production"},"visibility_timeout_seconds":30}},{"address":"module.test_module.aws_sqs_queue.cloudrail_2","mode":"managed","type":"aws_sqs_queue","name":"cloudrail_2","provider_name":"aws","schema_version":0,"values":{"content_based_deduplication":false,"delay_seconds":90,"fifo_queue":false,"kms_master_key_id":"alias/aws/sqs","max_message_size":2048,"message_retention_seconds":86400,"name":"sqs_encrypted_2","name_prefix":null,"receive_wait_time_seconds":10,"redrive_policy":null,"tags":{"Environment":"production"},"visibility_timeout_seconds":30}}],"address":"module.test_module"}]}},"resource_changes":[{"address":"module.test_module.aws_sqs_queue.cloudrail","module_address":"module.test_module","mode":"managed","type":"aws_sqs_queue","name":"cloudrail","provider_name":"aws","change":{"actions":["create"],"before":null,"after":{"content_based_deduplication":false,"delay_seconds":90,"fifo_queue":false,"kms_master_key_id":"alias/aws/sqs","max_message_size":2048,"message_retention_seconds":86400,"name":"sqs_encrypted","name_prefix":null,"receive_wait_time_seconds":10,"redrive_policy":null,"tags":{"Environment":"production"},"visibility_timeout_seconds":30},"after_unknown":{"arn":true,"id":true,"kms_data_key_reuse_period_seconds":true,"policy":true,"tags":{}}}},{"address":"module.test_module.aws_sqs_queue.cloudrail_2","module_address":"module.test_module","mode":"managed","type":"aws_sqs_queue","name":"cloudrail_2","provider_name":"aws","change":{"actions":["create"],"before":null,"after":{"content_based_deduplication":false,"delay_seconds":90,"fifo_queue":false,"kms_master_key_id":"alias/aws/sqs","max_message_size":2048,"message_retention_seconds":86400,"name":"sqs_encrypted_2","name_prefix":null,"receive_wait_time_seconds":10,"redrive_policy":null,"tags":{"Environment":"production"},"visibility_timeout_seconds":30},"after_unknown":{"arn":true,"id":true,"kms_data_key_reuse_period_seconds":true,"policy":true,"tags":{}}}}],"configuration":{"provider_config":{"aws":{"name":"aws","version_constraint":"2.70.0","expressions":{"region":{"constant_value":"us-east-1"}}},"test_module:aws":{"name":"aws","module_address":"test_module","expressions":{"region":{"constant_value":"us-east-1"}}}},"root_module":{"module_calls":{"test_module":{"source":"./sqs_queues/encrypted_at_rest","module":{"resources":[{"address":"aws_sqs_queue.cloudrail","mode":"managed","type":"aws_sqs_queue","name":"cloudrail","provider_config_key":"test_module:aws","expressions":{"delay_seconds":{"constant_value":90},"kms_master_key_id":{"constant_value":"alias/aws/sqs"},"max_message_size":{"constant_value":2048},"message_retention_seconds":{"constant_value":86400},"name":{"constant_value":"sqs_encrypted"},"receive_wait_time_seconds":{"constant_value":10},"tags":{"constant_value":{"Environment":"production"}}},"schema_version":0,"raw_data":{"FileName":"sqs_queues/encrypted_at_rest/main.tf","StartLine":5,"EndLine":16}},{"address":"aws_sqs_queue.cloudrail_2","mode":"managed","type":"aws_sqs_queue","name":"cloudrail_2","provider_config_key":"test_module:aws","expressions":{"delay_seconds":{"constant_value":90},"kms_master_key_id":{"constant_value":"alias/aws/sqs"},"max_message_size":{"constant_value":2048},"message_retention_seconds":{"constant_value":86400},"name":{"constant_value":"sqs_encrypted_2"},"receive_wait_time_seconds":{"constant_value":10},"tags":{"constant_value":{"Environment":"production"}}},"schema_version":0,"raw_data":{"FileName":"sqs_queues/encrypted_at_rest/main.tf","StartLine":19,"EndLine":30}}]},"raw_data":{"FileName":"main.tf","StartLine":7,"EndLine":9}}}}}}
