{"format_version":"0.1","terraform_version":"0.14.6","planned_values":{"root_module":{"resources":[{"address":"azurerm_network_security_group.nicnsg","mode":"managed","type":"azurerm_network_security_group","name":"nicnsg","provider_name":"registry.terraform.io/hashicorp/azurerm","schema_version":0,"values":{"location":"westeurope","name":"cr2460-nsg","resource_group_name":"cr2460-RG","tags":null,"timeouts":null}},{"address":"azurerm_network_security_rule.snetnsgrule","mode":"managed","type":"azurerm_network_security_rule","name":"snetnsgrule","provider_name":"registry.terraform.io/hashicorp/azurerm","schema_version":0,"values":{"access":"Allow","description":null,"destination_address_prefix":"*","destination_address_prefixes":null,"destination_application_security_group_ids":null,"destination_port_range":"*","destination_port_ranges":null,"direction":"Inbound","name":"cr2460-rule401","network_security_group_name":"cr2460-nsg","priority":401,"protocol":"Tcp","resource_group_name":"cr2460-RG","source_address_prefix":"*","source_address_prefixes":null,"source_application_security_group_ids":null,"source_port_range":"*","source_port_ranges":null,"timeouts":null}},{"address":"azurerm_resource_group.rg","mode":"managed","type":"azurerm_resource_group","name":"rg","provider_name":"registry.terraform.io/hashicorp/azurerm","schema_version":0,"values":{"location":"westeurope","name":"cr2460-RG","tags":null,"timeouts":null}}]}},"resource_changes":[{"address":"azurerm_network_security_group.nicnsg","mode":"managed","type":"azurerm_network_security_group","name":"nicnsg","provider_name":"registry.terraform.io/hashicorp/azurerm","change":{"actions":["create"],"before":null,"after":{"location":"westeurope","name":"cr2460-nsg","resource_group_name":"cr2460-RG","tags":null,"timeouts":null},"after_unknown":{"id":true,"security_rule":true}}},{"address":"azurerm_network_security_rule.snetnsgrule","mode":"managed","type":"azurerm_network_security_rule","name":"snetnsgrule","provider_name":"registry.terraform.io/hashicorp/azurerm","change":{"actions":["create"],"before":null,"after":{"access":"Allow","description":null,"destination_address_prefix":"*","destination_address_prefixes":null,"destination_application_security_group_ids":null,"destination_port_range":"*","destination_port_ranges":null,"direction":"Inbound","name":"cr2460-rule401","network_security_group_name":"cr2460-nsg","priority":401,"protocol":"Tcp","resource_group_name":"cr2460-RG","source_address_prefix":"*","source_address_prefixes":null,"source_application_security_group_ids":null,"source_port_range":"*","source_port_ranges":null,"timeouts":null},"after_unknown":{"id":true}}},{"address":"azurerm_resource_group.rg","mode":"managed","type":"azurerm_resource_group","name":"rg","provider_name":"registry.terraform.io/hashicorp/azurerm","change":{"actions":["create"],"before":null,"after":{"location":"westeurope","name":"cr2460-RG","tags":null,"timeouts":null},"after_unknown":{"id":true}}}],"configuration":{"provider_config":{"azurerm":{"name":"azurerm","expressions":{"features":[{}]}}},"root_module":{"resources":[{"address":"azurerm_network_security_group.nicnsg","mode":"managed","type":"azurerm_network_security_group","name":"nicnsg","provider_config_key":"azurerm","expressions":{"location":{"references":["azurerm_resource_group.rg"]},"name":{"references":["local.resource_prefix"]},"resource_group_name":{"references":["azurerm_resource_group.rg"]}},"schema_version":0,"raw_data":{"FileName":"main.tf","StartLine":15,"EndLine":19}},{"address":"azurerm_network_security_rule.snetnsgrule","mode":"managed","type":"azurerm_network_security_rule","name":"snetnsgrule","provider_config_key":"azurerm","expressions":{"access":{"constant_value":"Allow"},"destination_address_prefix":{"constant_value":"*"},"destination_port_range":{"constant_value":"*"},"direction":{"constant_value":"Inbound"},"name":{"references":["local.resource_prefix"]},"network_security_group_name":{"references":["azurerm_network_security_group.nicnsg"]},"priority":{"constant_value":401},"protocol":{"constant_value":"Tcp"},"resource_group_name":{"references":["azurerm_resource_group.rg"]},"source_address_prefix":{"constant_value":"*"},"source_port_range":{"constant_value":"*"}},"schema_version":0,"raw_data":{"FileName":"main.tf","StartLine":21,"EndLine":33}},{"address":"azurerm_resource_group.rg","mode":"managed","type":"azurerm_resource_group","name":"rg","provider_config_key":"azurerm","expressions":{"location":{"constant_value":"West Europe"},"name":{"references":["local.resource_prefix"]}},"schema_version":0,"raw_data":{"FileName":"main.tf","StartLine":10,"EndLine":13}}]}}}
