{"format_version":"0.1","terraform_version":"0.14.6","planned_values":{"root_module":{"resources":[{"address":"aws_directory_service_directory.test","mode":"managed","type":"aws_directory_service_directory","name":"test","provider_name":"registry.terraform.io/hashicorp/aws","schema_version":0,"values":{"connect_settings":[],"description":null,"edition":"Standard","enable_sso":false,"name":"corp.notexample.com","password":"SuperSecretPassw0rd","tags":null,"type":"MicrosoftAD","vpc_settings":[{"availability_zones":null,"subnet_ids":["subnet-4630243c","subnet-6e81fd22"],"vpc_id":"vpc-0e289f65"}]}},{"address":"aws_fsx_windows_file_system.test","mode":"managed","type":"aws_fsx_windows_file_system","name":"test","provider_name":"registry.terraform.io/hashicorp/aws","schema_version":0,"values":{"active_directory_id":"aws_directory_service_directory.test.id","aliases":null,"audit_log_configuration":[],"automatic_backup_retention_days":7,"copy_tags_to_backups":false,"deployment_type":"SINGLE_AZ_1","kms_key_id":"aws_kms_key.test.arn","security_group_ids":null,"self_managed_active_directory":[],"skip_final_backup":false,"storage_capacity":32,"storage_type":"SSD","subnet_ids":["subnet-4630243c"],"tags":null,"throughput_capacity":8,"timeouts":null}},{"address":"aws_kms_key.test","mode":"managed","type":"aws_kms_key","name":"test","provider_name":"registry.terraform.io/hashicorp/aws","schema_version":0,"values":{"bypass_policy_lockout_safety_check":false,"customer_master_key_spec":"SYMMETRIC_DEFAULT","deletion_window_in_days":7,"description":"KMS key for FSx","enable_key_rotation":false,"is_enabled":true,"key_usage":"ENCRYPT_DECRYPT","tags":null}}]}},"resource_changes":[{"address":"aws_directory_service_directory.test","mode":"managed","type":"aws_directory_service_directory","name":"test","provider_name":"registry.terraform.io/hashicorp/aws","change":{"actions":["create"],"before":null,"after":{"connect_settings":[],"description":null,"edition":"Standard","enable_sso":false,"name":"corp.notexample.com","password":"SuperSecretPassw0rd","tags":null,"type":"MicrosoftAD","vpc_settings":[{"availability_zones":null,"subnet_ids":["subnet-4630243c","subnet-6e81fd22"],"vpc_id":"vpc-0e289f65"}]},"after_unknown":{"access_url":true,"alias":true,"connect_settings":[],"dns_ip_addresses":true,"id":true,"security_group_id":true,"short_name":true,"size":true,"tags_all":true,"vpc_settings":[{"subnet_ids":[false,false]}]}}},{"address":"aws_fsx_windows_file_system.test","mode":"managed","type":"aws_fsx_windows_file_system","name":"test","provider_name":"registry.terraform.io/hashicorp/aws","change":{"actions":["create"],"before":null,"after":{"active_directory_id":"aws_directory_service_directory.test.id","aliases":null,"audit_log_configuration":[],"automatic_backup_retention_days":7,"copy_tags_to_backups":false,"deployment_type":"SINGLE_AZ_1","kms_key_id":"aws_kms_key.test.arn","security_group_ids":null,"self_managed_active_directory":[],"skip_final_backup":false,"storage_capacity":32,"storage_type":"SSD","subnet_ids":["subnet-4630243c"],"tags":null,"throughput_capacity":8,"timeouts":null},"after_unknown":{"arn":true,"audit_log_configuration":[],"daily_automatic_backup_start_time":true,"dns_name":true,"id":true,"network_interface_ids":true,"owner_id":true,"preferred_file_server_ip":true,"preferred_subnet_id":true,"remote_administration_endpoint":true,"self_managed_active_directory":[],"subnet_ids":[false],"tags_all":true,"vpc_id":true,"weekly_maintenance_start_time":true}}},{"address":"aws_kms_key.test","mode":"managed","type":"aws_kms_key","name":"test","provider_name":"registry.terraform.io/hashicorp/aws","change":{"actions":["create"],"before":null,"after":{"bypass_policy_lockout_safety_check":false,"customer_master_key_spec":"SYMMETRIC_DEFAULT","deletion_window_in_days":7,"description":"KMS key for FSx","enable_key_rotation":false,"is_enabled":true,"key_usage":"ENCRYPT_DECRYPT","tags":null},"after_unknown":{"arn":true,"id":true,"key_id":true,"policy":true,"tags_all":true}}}],"prior_state":{"format_version":"0.1","terraform_version":"0.13.5","values":{"root_module":{"resources":[{"address":"data.aws_subnet_ids.default","mode":"data","type":"aws_subnet_ids","name":"default","provider_name":"registry.terraform.io/hashicorp/aws","schema_version":0,"values":{"filter":null,"id":"vpc-0e289f65","ids":["subnet-4630243c","subnet-6e81fd22","subnet-f9be6092"],"tags":null,"vpc_id":"vpc-0e289f65"}},{"address":"data.aws_vpc.default","mode":"data","type":"aws_vpc","name":"default","provider_name":"registry.terraform.io/hashicorp/aws","schema_version":0,"values":{"arn":"arn:aws:ec2:us-east-2:553432699559:vpc/vpc-0e289f65","cidr_block":"172.31.0.0/16","cidr_block_associations":[{"association_id":"vpc-cidr-assoc-fb0abb90","cidr_block":"172.31.0.0/16","state":"associated"}],"default":true,"dhcp_options_id":"dopt-8450d8ef","enable_dns_hostnames":true,"enable_dns_support":true,"filter":null,"id":"vpc-0e289f65","instance_tenancy":"default","ipv6_association_id":null,"ipv6_cidr_block":null,"main_route_table_id":"rtb-0f592664","owner_id":"553432699559","state":"available","tags":{}}}]}}},"configuration":{"provider_config":{"aws":{"name":"aws","expressions":{"region":{"constant_value":"us-east-2"}}}},"root_module":{"resources":[{"address":"aws_directory_service_directory.test","mode":"managed","type":"aws_directory_service_directory","name":"test","provider_config_key":"aws","expressions":{"edition":{"constant_value":"Standard"},"name":{"constant_value":"corp.notexample.com"},"password":{"constant_value":"SuperSecretPassw0rd"},"type":{"constant_value":"MicrosoftAD"},"vpc_settings":[{"subnet_ids":{"references":["local.default_subnet_list","local.default_subnet_list"]},"vpc_id":{"references":["data.aws_vpc.default"]}}]},"schema_version":0,"raw_data":{"FileName":"main.tf","StartLine":17,"EndLine":31}},{"address":"aws_fsx_windows_file_system.test","mode":"managed","type":"aws_fsx_windows_file_system","name":"test","provider_config_key":"aws","expressions":{"active_directory_id":{"references":["aws_directory_service_directory.test"]},"kms_key_id":{"references":["aws_kms_key.test"]},"storage_capacity":{"constant_value":32},"subnet_ids":{"references":["local.default_subnet_list"]},"throughput_capacity":{"constant_value":8}},"schema_version":0,"raw_data":{"FileName":"main.tf","StartLine":38,"EndLine":45}},{"address":"aws_kms_key.test","mode":"managed","type":"aws_kms_key","name":"test","provider_config_key":"aws","expressions":{"deletion_window_in_days":{"constant_value":7},"description":{"constant_value":"KMS key for FSx"}},"schema_version":0,"raw_data":{"FileName":"main.tf","StartLine":33,"EndLine":36}},{"address":"data.aws_subnet_ids.default","mode":"data","type":"aws_subnet_ids","name":"default","provider_config_key":"aws","expressions":{"vpc_id":{"references":["data.aws_vpc.default"]}},"schema_version":0,"raw_data":{"FileName":"main.tf","StartLine":13,"EndLine":15}},{"address":"data.aws_vpc.default","mode":"data","type":"aws_vpc","name":"default","provider_config_key":"aws","expressions":{"default":{"constant_value":true}},"schema_version":0,"raw_data":{"FileName":"main.tf","StartLine":9,"EndLine":11}}]}}}
