{"format_version":"0.1","terraform_version":"0.13.4","planned_values":{"root_module":{"resources":[{"address":"aws_elasticache_replication_group.cloudrail","mode":"managed","type":"aws_elasticache_replication_group","name":"cloudrail","provider_name":"registry.terraform.io/hashicorp/aws","schema_version":1,"values":{"at_rest_encryption_enabled":true,"auth_token":null,"auto_minor_version_upgrade":true,"automatic_failover_enabled":true,"availability_zones":["us-east-1a","us-east-1b"],"cluster_mode":[],"engine":"redis","final_snapshot_identifier":null,"kms_key_id":null,"multi_az_enabled":false,"node_type":"cache.m4.large","notification_topic_arn":null,"number_cache_clusters":2,"port":null,"replication_group_description":"Encrypted","replication_group_id":"tf-rep-group-1-encrypted","security_group_ids":["aws_security_group.nondefault.id"],"snapshot_arns":null,"snapshot_name":null,"snapshot_retention_limit":null,"subnet_group_name":"tf-test-cache-subnet","tags":null,"timeouts":null,"transit_encryption_enabled":true}},{"address":"aws_elasticache_subnet_group.bar","mode":"managed","type":"aws_elasticache_subnet_group","name":"bar","provider_name":"registry.terraform.io/hashicorp/aws","schema_version":0,"values":{"description":"Managed by Terraform","name":"tf-test-cache-subnet","subnet_ids":["aws_subnet.foo.id","aws_subnet.foo_2.id"],"tags":null}},{"address":"aws_internet_gateway.gw","mode":"managed","type":"aws_internet_gateway","name":"gw","provider_name":"registry.terraform.io/hashicorp/aws","schema_version":0,"values":{"tags":{"Name":"main"},"tags_all":{"Name":"main"},"vpc_id":"aws_vpc.foo.id"}},{"address":"aws_route_table.public-rtb","mode":"managed","type":"aws_route_table","name":"public-rtb","provider_name":"registry.terraform.io/hashicorp/aws","schema_version":0,"values":{"route":[{"carrier_gateway_id":null,"cidr_block":"0.0.0.0/0","destination_prefix_list_id":null,"egress_only_gateway_id":null,"gateway_id":"aws_internet_gateway.gw.id","instance_id":null,"ipv6_cidr_block":null,"local_gateway_id":null,"nat_gateway_id":null,"network_interface_id":null,"transit_gateway_id":null,"vpc_endpoint_id":null,"vpc_peering_connection_id":null}],"tags":{"Name":"public-rtb"},"tags_all":{"Name":"public-rtb"},"vpc_id":"aws_vpc.foo.id"}},{"address":"aws_route_table_association.public-rtb-assoc_1","mode":"managed","type":"aws_route_table_association","name":"public-rtb-assoc_1","provider_name":"registry.terraform.io/hashicorp/aws","schema_version":0,"values":{"gateway_id":null,"route_table_id":"aws_route_table.public-rtb.id","subnet_id":"aws_subnet.foo.id"}},{"address":"aws_route_table_association.public-rtb-assoc_2","mode":"managed","type":"aws_route_table_association","name":"public-rtb-assoc_2","provider_name":"registry.terraform.io/hashicorp/aws","schema_version":0,"values":{"gateway_id":null,"route_table_id":"aws_route_table.public-rtb.id","subnet_id":"aws_subnet.foo_2.id"}},{"address":"aws_security_group.nondefault","mode":"managed","type":"aws_security_group","name":"nondefault","provider_name":"registry.terraform.io/hashicorp/aws","schema_version":1,"values":{"description":"Managed by Terraform","egress":[{"cidr_blocks":["0.0.0.0/0"],"description":null,"from_port":0,"ipv6_cidr_blocks":null,"prefix_list_ids":null,"protocol":"-1","security_groups":null,"self":null,"to_port":0}],"ingress":[{"cidr_blocks":["0.0.0.0/0"],"description":null,"from_port":0,"ipv6_cidr_blocks":null,"prefix_list_ids":null,"protocol":"-1","security_groups":null,"self":null,"to_port":0}],"revoke_rules_on_delete":false,"tags":null,"timeouts":null,"vpc_id":"aws_vpc.foo.id"}},{"address":"aws_subnet.foo","mode":"managed","type":"aws_subnet","name":"foo","provider_name":"registry.terraform.io/hashicorp/aws","schema_version":1,"values":{"assign_ipv6_address_on_creation":false,"availability_zone":"us-east-1a","cidr_block":"10.0.0.0/24","customer_owned_ipv4_pool":null,"ipv6_cidr_block":null,"map_customer_owned_ip_on_launch":null,"map_public_ip_on_launch":false,"outpost_arn":null,"tags":{"Name":"tf-test"},"tags_all":{"Name":"tf-test"},"timeouts":null,"vpc_id":"aws_vpc.foo.id"}},{"address":"aws_subnet.foo_2","mode":"managed","type":"aws_subnet","name":"foo_2","provider_name":"registry.terraform.io/hashicorp/aws","schema_version":1,"values":{"assign_ipv6_address_on_creation":false,"availability_zone":"us-east-1b","cidr_block":"10.0.1.0/24","customer_owned_ipv4_pool":null,"ipv6_cidr_block":null,"map_customer_owned_ip_on_launch":null,"map_public_ip_on_launch":false,"outpost_arn":null,"tags":{"Name":"tf-test"},"tags_all":{"Name":"tf-test"},"timeouts":null,"vpc_id":"aws_vpc.foo.id"}},{"address":"aws_vpc.foo","mode":"managed","type":"aws_vpc","name":"foo","provider_name":"registry.terraform.io/hashicorp/aws","schema_version":1,"values":{"assign_generated_ipv6_cidr_block":false,"cidr_block":"10.0.0.0/16","enable_dns_support":true,"instance_tenancy":"default","tags":{"Name":"tf-test"},"tags_all":{"Name":"tf-test"}}}]}},"resource_changes":[{"address":"aws_elasticache_replication_group.cloudrail","mode":"managed","type":"aws_elasticache_replication_group","name":"cloudrail","provider_name":"registry.terraform.io/hashicorp/aws","change":{"actions":["create"],"before":null,"after":{"at_rest_encryption_enabled":true,"auth_token":null,"auto_minor_version_upgrade":true,"automatic_failover_enabled":true,"availability_zones":["us-east-1a","us-east-1b"],"cluster_mode":[],"engine":"redis","final_snapshot_identifier":null,"kms_key_id":null,"multi_az_enabled":false,"node_type":"cache.m4.large","notification_topic_arn":null,"number_cache_clusters":2,"port":null,"replication_group_description":"Encrypted","replication_group_id":"tf-rep-group-1-encrypted","security_group_ids":["aws_security_group.nondefault.id"],"snapshot_arns":null,"snapshot_name":null,"snapshot_retention_limit":null,"subnet_group_name":"tf-test-cache-subnet","tags":null,"timeouts":null,"transit_encryption_enabled":true},"after_unknown":{"apply_immediately":true,"arn":true,"availability_zones":[false,false],"cluster_enabled":true,"cluster_mode":[],"configuration_endpoint_address":true,"engine_version":true,"engine_version_actual":true,"global_replication_group_id":true,"id":true,"maintenance_window":true,"member_clusters":true,"parameter_group_name":true,"primary_endpoint_address":true,"reader_endpoint_address":true,"security_group_ids":[false],"security_group_names":true,"snapshot_window":true,"tags_all":true}}},{"address":"aws_elasticache_subnet_group.bar","mode":"managed","type":"aws_elasticache_subnet_group","name":"bar","provider_name":"registry.terraform.io/hashicorp/aws","change":{"actions":["create"],"before":null,"after":{"description":"Managed by Terraform","name":"tf-test-cache-subnet","subnet_ids":["aws_subnet.foo.id","aws_subnet.foo_2.id"],"tags":null},"after_unknown":{"arn":true,"id":true,"subnet_ids":[false,false],"tags_all":true}}},{"address":"aws_internet_gateway.gw","mode":"managed","type":"aws_internet_gateway","name":"gw","provider_name":"registry.terraform.io/hashicorp/aws","change":{"actions":["create"],"before":null,"after":{"tags":{"Name":"main"},"tags_all":{"Name":"main"},"vpc_id":"aws_vpc.foo.id"},"after_unknown":{"arn":true,"id":true,"owner_id":true,"tags":{},"tags_all":{}}}},{"address":"aws_route_table.public-rtb","mode":"managed","type":"aws_route_table","name":"public-rtb","provider_name":"registry.terraform.io/hashicorp/aws","change":{"actions":["create"],"before":null,"after":{"route":[{"carrier_gateway_id":null,"cidr_block":"0.0.0.0/0","destination_prefix_list_id":null,"egress_only_gateway_id":null,"gateway_id":"aws_internet_gateway.gw.id","instance_id":null,"ipv6_cidr_block":null,"local_gateway_id":null,"nat_gateway_id":null,"network_interface_id":null,"transit_gateway_id":null,"vpc_endpoint_id":null,"vpc_peering_connection_id":null}],"tags":{"Name":"public-rtb"},"tags_all":{"Name":"public-rtb"},"vpc_id":"aws_vpc.foo.id"},"after_unknown":{"arn":true,"id":true,"owner_id":true,"propagating_vgws":true,"route":[{}],"tags":{},"tags_all":{}}}},{"address":"aws_route_table_association.public-rtb-assoc_1","mode":"managed","type":"aws_route_table_association","name":"public-rtb-assoc_1","provider_name":"registry.terraform.io/hashicorp/aws","change":{"actions":["create"],"before":null,"after":{"gateway_id":null,"route_table_id":"aws_route_table.public-rtb.id","subnet_id":"aws_subnet.foo.id"},"after_unknown":{"id":true}}},{"address":"aws_route_table_association.public-rtb-assoc_2","mode":"managed","type":"aws_route_table_association","name":"public-rtb-assoc_2","provider_name":"registry.terraform.io/hashicorp/aws","change":{"actions":["create"],"before":null,"after":{"gateway_id":null,"route_table_id":"aws_route_table.public-rtb.id","subnet_id":"aws_subnet.foo_2.id"},"after_unknown":{"id":true}}},{"address":"aws_security_group.nondefault","mode":"managed","type":"aws_security_group","name":"nondefault","provider_name":"registry.terraform.io/hashicorp/aws","change":{"actions":["create"],"before":null,"after":{"description":"Managed by Terraform","egress":[{"cidr_blocks":["0.0.0.0/0"],"description":null,"from_port":0,"ipv6_cidr_blocks":null,"prefix_list_ids":null,"protocol":"-1","security_groups":null,"self":null,"to_port":0}],"ingress":[{"cidr_blocks":["0.0.0.0/0"],"description":null,"from_port":0,"ipv6_cidr_blocks":null,"prefix_list_ids":null,"protocol":"-1","security_groups":null,"self":null,"to_port":0}],"revoke_rules_on_delete":false,"tags":null,"timeouts":null,"vpc_id":"aws_vpc.foo.id"},"after_unknown":{"arn":true,"egress":[{"cidr_blocks":[false]}],"id":true,"ingress":[{"cidr_blocks":[false]}],"name":true,"name_prefix":true,"owner_id":true,"tags_all":true}}},{"address":"aws_subnet.foo","mode":"managed","type":"aws_subnet","name":"foo","provider_name":"registry.terraform.io/hashicorp/aws","change":{"actions":["create"],"before":null,"after":{"assign_ipv6_address_on_creation":false,"availability_zone":"us-east-1a","cidr_block":"10.0.0.0/24","customer_owned_ipv4_pool":null,"ipv6_cidr_block":null,"map_customer_owned_ip_on_launch":null,"map_public_ip_on_launch":false,"outpost_arn":null,"tags":{"Name":"tf-test"},"tags_all":{"Name":"tf-test"},"timeouts":null,"vpc_id":"aws_vpc.foo.id"},"after_unknown":{"arn":true,"availability_zone_id":true,"id":true,"ipv6_cidr_block_association_id":true,"owner_id":true,"tags":{},"tags_all":{}}}},{"address":"aws_subnet.foo_2","mode":"managed","type":"aws_subnet","name":"foo_2","provider_name":"registry.terraform.io/hashicorp/aws","change":{"actions":["create"],"before":null,"after":{"assign_ipv6_address_on_creation":false,"availability_zone":"us-east-1b","cidr_block":"10.0.1.0/24","customer_owned_ipv4_pool":null,"ipv6_cidr_block":null,"map_customer_owned_ip_on_launch":null,"map_public_ip_on_launch":false,"outpost_arn":null,"tags":{"Name":"tf-test"},"tags_all":{"Name":"tf-test"},"timeouts":null,"vpc_id":"aws_vpc.foo.id"},"after_unknown":{"arn":true,"availability_zone_id":true,"id":true,"ipv6_cidr_block_association_id":true,"owner_id":true,"tags":{},"tags_all":{}}}},{"address":"aws_vpc.foo","mode":"managed","type":"aws_vpc","name":"foo","provider_name":"registry.terraform.io/hashicorp/aws","change":{"actions":["create"],"before":null,"after":{"assign_generated_ipv6_cidr_block":false,"cidr_block":"10.0.0.0/16","enable_dns_support":true,"instance_tenancy":"default","tags":{"Name":"tf-test"},"tags_all":{"Name":"tf-test"}},"after_unknown":{"arn":true,"default_network_acl_id":true,"default_route_table_id":true,"default_security_group_id":true,"dhcp_options_id":true,"enable_classiclink":true,"enable_classiclink_dns_support":true,"enable_dns_hostnames":true,"id":true,"ipv6_association_id":true,"ipv6_cidr_block":true,"main_route_table_id":true,"owner_id":true,"tags":{},"tags_all":{}}}}],"configuration":{"provider_config":{"aws":{"name":"aws","expressions":{"region":{"constant_value":"us-east-1"}}}},"root_module":{"resources":[{"address":"aws_elasticache_replication_group.cloudrail","mode":"managed","type":"aws_elasticache_replication_group","name":"cloudrail","provider_config_key":"aws","expressions":{"at_rest_encryption_enabled":{"constant_value":true},"automatic_failover_enabled":{"constant_value":true},"availability_zones":{"constant_value":["us-east-1a","us-east-1b"]},"node_type":{"constant_value":"cache.m4.large"},"number_cache_clusters":{"constant_value":2},"replication_group_description":{"constant_value":"Encrypted"},"replication_group_id":{"constant_value":"tf-rep-group-1-encrypted"},"security_group_ids":{"references":["aws_security_group.nondefault"]},"subnet_group_name":{"references":["aws_elasticache_subnet_group.bar"]},"transit_encryption_enabled":{"constant_value":true}},"schema_version":1,"raw_data":{"FileName":"main.tf","StartLine":85,"EndLine":96}},{"address":"aws_elasticache_subnet_group.bar","mode":"managed","type":"aws_elasticache_subnet_group","name":"bar","provider_config_key":"aws","expressions":{"name":{"constant_value":"tf-test-cache-subnet"},"subnet_ids":{"references":["aws_subnet.foo","aws_subnet.foo_2"]}},"schema_version":0,"raw_data":{"FileName":"main.tf","StartLine":80,"EndLine":83}},{"address":"aws_internet_gateway.gw","mode":"managed","type":"aws_internet_gateway","name":"gw","provider_config_key":"aws","expressions":{"tags":{"constant_value":{"Name":"main"}},"vpc_id":{"references":["aws_vpc.foo"]}},"schema_version":0,"raw_data":{"FileName":"main.tf","StartLine":59,"EndLine":65}},{"address":"aws_route_table.public-rtb","mode":"managed","type":"aws_route_table","name":"public-rtb","provider_config_key":"aws","expressions":{"tags":{"constant_value":{"Name":"public-rtb"}},"vpc_id":{"references":["aws_vpc.foo"]}},"schema_version":0,"raw_data":{"FileName":"main.tf","StartLine":67,"EndLine":78}},{"address":"aws_route_table_association.public-rtb-assoc_1","mode":"managed","type":"aws_route_table_association","name":"public-rtb-assoc_1","provider_config_key":"aws","expressions":{"route_table_id":{"references":["aws_route_table.public-rtb"]},"subnet_id":{"references":["aws_subnet.foo"]}},"schema_version":0,"raw_data":{"FileName":"main.tf","StartLine":30,"EndLine":33}},{"address":"aws_route_table_association.public-rtb-assoc_2","mode":"managed","type":"aws_route_table_association","name":"public-rtb-assoc_2","provider_config_key":"aws","expressions":{"route_table_id":{"references":["aws_route_table.public-rtb"]},"subnet_id":{"references":["aws_subnet.foo_2"]}},"schema_version":0,"raw_data":{"FileName":"main.tf","StartLine":35,"EndLine":38}},{"address":"aws_security_group.nondefault","mode":"managed","type":"aws_security_group","name":"nondefault","provider_config_key":"aws","expressions":{"vpc_id":{"references":["aws_vpc.foo"]}},"schema_version":1,"raw_data":{"FileName":"main.tf","StartLine":40,"EndLine":57}},{"address":"aws_subnet.foo","mode":"managed","type":"aws_subnet","name":"foo","provider_config_key":"aws","expressions":{"availability_zone":{"constant_value":"us-east-1a"},"cidr_block":{"constant_value":"10.0.0.0/24"},"tags":{"constant_value":{"Name":"tf-test"}},"vpc_id":{"references":["aws_vpc.foo"]}},"schema_version":1,"raw_data":{"FileName":"main.tf","StartLine":10,"EndLine":18}},{"address":"aws_subnet.foo_2","mode":"managed","type":"aws_subnet","name":"foo_2","provider_config_key":"aws","expressions":{"availability_zone":{"constant_value":"us-east-1b"},"cidr_block":{"constant_value":"10.0.1.0/24"},"tags":{"constant_value":{"Name":"tf-test"}},"vpc_id":{"references":["aws_vpc.foo"]}},"schema_version":1,"raw_data":{"FileName":"main.tf","StartLine":20,"EndLine":28}},{"address":"aws_vpc.foo","mode":"managed","type":"aws_vpc","name":"foo","provider_config_key":"aws","expressions":{"cidr_block":{"constant_value":"10.0.0.0/16"},"tags":{"constant_value":{"Name":"tf-test"}}},"schema_version":1,"raw_data":{"FileName":"main.tf","StartLine":2,"EndLine":8}}]}}}
