{"format_version":"0.1","terraform_version":"0.13.4","planned_values":{"root_module":{"resources":[{"address":"aws_internet_gateway.igw","mode":"managed","type":"aws_internet_gateway","name":"igw","provider_name":"registry.terraform.io/hashicorp/aws","schema_version":0,"values":{"tags":null,"vpc_id":"aws_vpc.nondefault.id"}},{"address":"aws_redshift_cluster.test","mode":"managed","type":"aws_redshift_cluster","name":"test","provider_name":"registry.terraform.io/hashicorp/aws","schema_version":0,"values":{"allow_version_upgrade":true,"automated_snapshot_retention_period":1,"cluster_identifier":"redshift-defaults-only","cluster_subnet_group_name":"nondefault","cluster_version":"1.0","elastic_ip":null,"encrypted":false,"final_snapshot_identifier":null,"logging":[],"master_password":"Test1234","master_username":"test","node_type":"dc2.large","number_of_nodes":1,"owner_account":null,"port":5439,"publicly_accessible":true,"skip_final_snapshot":true,"snapshot_cluster_identifier":null,"snapshot_copy":[],"snapshot_identifier":null,"tags":null,"timeouts":null,"vpc_security_group_ids":["aws_security_group.nondefault.id"]}},{"address":"aws_redshift_subnet_group.nondefault","mode":"managed","type":"aws_redshift_subnet_group","name":"nondefault","provider_name":"registry.terraform.io/hashicorp/aws","schema_version":0,"values":{"description":"Managed by Terraform","name":"nondefault","subnet_ids":["aws_subnet.nondefault_1.id","aws_subnet.nondefault_2.id"],"tags":null}},{"address":"aws_route_table.nondefault","mode":"managed","type":"aws_route_table","name":"nondefault","provider_name":"registry.terraform.io/hashicorp/aws","schema_version":0,"values":{"route":[{"carrier_gateway_id":null,"cidr_block":"0.0.0.0/0","destination_prefix_list_id":null,"egress_only_gateway_id":null,"gateway_id":"aws_internet_gateway.igw.id","instance_id":null,"ipv6_cidr_block":null,"local_gateway_id":null,"nat_gateway_id":null,"network_interface_id":null,"transit_gateway_id":null,"vpc_endpoint_id":null,"vpc_peering_connection_id":null}],"tags":null,"vpc_id":"aws_vpc.nondefault.id"}},{"address":"aws_route_table_association.nondefault1","mode":"managed","type":"aws_route_table_association","name":"nondefault1","provider_name":"registry.terraform.io/hashicorp/aws","schema_version":0,"values":{"gateway_id":null,"route_table_id":"aws_route_table.nondefault.id","subnet_id":"aws_subnet.nondefault_1.id"}},{"address":"aws_route_table_association.nondefault2","mode":"managed","type":"aws_route_table_association","name":"nondefault2","provider_name":"registry.terraform.io/hashicorp/aws","schema_version":0,"values":{"gateway_id":null,"route_table_id":"aws_route_table.nondefault.id","subnet_id":"aws_subnet.nondefault_2.id"}},{"address":"aws_security_group.nondefault","mode":"managed","type":"aws_security_group","name":"nondefault","provider_name":"registry.terraform.io/hashicorp/aws","schema_version":1,"values":{"description":"Managed by Terraform","ingress":[{"cidr_blocks":["0.0.0.0/0"],"description":null,"from_port":5439,"ipv6_cidr_blocks":null,"prefix_list_ids":null,"protocol":"TCP","security_groups":null,"self":null,"to_port":5439}],"revoke_rules_on_delete":false,"tags":null,"timeouts":null,"vpc_id":"aws_vpc.nondefault.id"}},{"address":"aws_subnet.nondefault_1","mode":"managed","type":"aws_subnet","name":"nondefault_1","provider_name":"registry.terraform.io/hashicorp/aws","schema_version":1,"values":{"assign_ipv6_address_on_creation":false,"availability_zone":"us-east-1a","cidr_block":"10.1.1.128/25","customer_owned_ipv4_pool":null,"ipv6_cidr_block":null,"map_customer_owned_ip_on_launch":null,"map_public_ip_on_launch":false,"outpost_arn":null,"tags":null,"timeouts":null,"vpc_id":"aws_vpc.nondefault.id"}},{"address":"aws_subnet.nondefault_2","mode":"managed","type":"aws_subnet","name":"nondefault_2","provider_name":"registry.terraform.io/hashicorp/aws","schema_version":1,"values":{"assign_ipv6_address_on_creation":false,"availability_zone":"us-east-1b","cidr_block":"10.1.1.0/25","customer_owned_ipv4_pool":null,"ipv6_cidr_block":null,"map_customer_owned_ip_on_launch":null,"map_public_ip_on_launch":false,"outpost_arn":null,"tags":null,"timeouts":null,"vpc_id":"aws_vpc.nondefault.id"}},{"address":"aws_vpc.nondefault","mode":"managed","type":"aws_vpc","name":"nondefault","provider_name":"registry.terraform.io/hashicorp/aws","schema_version":1,"values":{"assign_generated_ipv6_cidr_block":false,"cidr_block":"10.1.1.0/24","enable_dns_support":true,"instance_tenancy":"default","tags":null}}]}},"resource_changes":[{"address":"aws_internet_gateway.igw","mode":"managed","type":"aws_internet_gateway","name":"igw","provider_name":"registry.terraform.io/hashicorp/aws","change":{"actions":["create"],"before":null,"after":{"tags":null,"vpc_id":"aws_vpc.nondefault.id"},"after_unknown":{"arn":true,"id":true,"owner_id":true,"tags_all":true}}},{"address":"aws_redshift_cluster.test","mode":"managed","type":"aws_redshift_cluster","name":"test","provider_name":"registry.terraform.io/hashicorp/aws","change":{"actions":["create"],"before":null,"after":{"allow_version_upgrade":true,"automated_snapshot_retention_period":1,"cluster_identifier":"redshift-defaults-only","cluster_subnet_group_name":"nondefault","cluster_version":"1.0","elastic_ip":null,"encrypted":false,"final_snapshot_identifier":null,"logging":[],"master_password":"Test1234","master_username":"test","node_type":"dc2.large","number_of_nodes":1,"owner_account":null,"port":5439,"publicly_accessible":true,"skip_final_snapshot":true,"snapshot_cluster_identifier":null,"snapshot_copy":[],"snapshot_identifier":null,"tags":null,"timeouts":null,"vpc_security_group_ids":["aws_security_group.nondefault.id"]},"after_unknown":{"arn":true,"availability_zone":true,"cluster_parameter_group_name":true,"cluster_public_key":true,"cluster_revision_number":true,"cluster_security_groups":true,"cluster_type":true,"database_name":true,"dns_name":true,"endpoint":true,"enhanced_vpc_routing":true,"iam_roles":true,"id":true,"kms_key_id":true,"logging":[],"preferred_maintenance_window":true,"snapshot_copy":[],"tags_all":true,"vpc_security_group_ids":[false]}}},{"address":"aws_redshift_subnet_group.nondefault","mode":"managed","type":"aws_redshift_subnet_group","name":"nondefault","provider_name":"registry.terraform.io/hashicorp/aws","change":{"actions":["create"],"before":null,"after":{"description":"Managed by Terraform","name":"nondefault","subnet_ids":["aws_subnet.nondefault_1.id","aws_subnet.nondefault_2.id"],"tags":null},"after_unknown":{"arn":true,"id":true,"subnet_ids":[false,false],"tags_all":true}}},{"address":"aws_route_table.nondefault","mode":"managed","type":"aws_route_table","name":"nondefault","provider_name":"registry.terraform.io/hashicorp/aws","change":{"actions":["create"],"before":null,"after":{"route":[{"carrier_gateway_id":null,"cidr_block":"0.0.0.0/0","destination_prefix_list_id":null,"egress_only_gateway_id":null,"gateway_id":"aws_internet_gateway.igw.id","instance_id":null,"ipv6_cidr_block":null,"local_gateway_id":null,"nat_gateway_id":null,"network_interface_id":null,"transit_gateway_id":null,"vpc_endpoint_id":null,"vpc_peering_connection_id":null}],"tags":null,"vpc_id":"aws_vpc.nondefault.id"},"after_unknown":{"arn":true,"id":true,"owner_id":true,"propagating_vgws":true,"route":[{}],"tags_all":true}}},{"address":"aws_route_table_association.nondefault1","mode":"managed","type":"aws_route_table_association","name":"nondefault1","provider_name":"registry.terraform.io/hashicorp/aws","change":{"actions":["create"],"before":null,"after":{"gateway_id":null,"route_table_id":"aws_route_table.nondefault.id","subnet_id":"aws_subnet.nondefault_1.id"},"after_unknown":{"id":true}}},{"address":"aws_route_table_association.nondefault2","mode":"managed","type":"aws_route_table_association","name":"nondefault2","provider_name":"registry.terraform.io/hashicorp/aws","change":{"actions":["create"],"before":null,"after":{"gateway_id":null,"route_table_id":"aws_route_table.nondefault.id","subnet_id":"aws_subnet.nondefault_2.id"},"after_unknown":{"id":true}}},{"address":"aws_security_group.nondefault","mode":"managed","type":"aws_security_group","name":"nondefault","provider_name":"registry.terraform.io/hashicorp/aws","change":{"actions":["create"],"before":null,"after":{"description":"Managed by Terraform","ingress":[{"cidr_blocks":["0.0.0.0/0"],"description":null,"from_port":5439,"ipv6_cidr_blocks":null,"prefix_list_ids":null,"protocol":"TCP","security_groups":null,"self":null,"to_port":5439}],"revoke_rules_on_delete":false,"tags":null,"timeouts":null,"vpc_id":"aws_vpc.nondefault.id"},"after_unknown":{"arn":true,"egress":true,"id":true,"ingress":[{"cidr_blocks":[false]}],"name":true,"name_prefix":true,"owner_id":true,"tags_all":true}}},{"address":"aws_subnet.nondefault_1","mode":"managed","type":"aws_subnet","name":"nondefault_1","provider_name":"registry.terraform.io/hashicorp/aws","change":{"actions":["create"],"before":null,"after":{"assign_ipv6_address_on_creation":false,"availability_zone":"us-east-1a","cidr_block":"10.1.1.128/25","customer_owned_ipv4_pool":null,"ipv6_cidr_block":null,"map_customer_owned_ip_on_launch":null,"map_public_ip_on_launch":false,"outpost_arn":null,"tags":null,"timeouts":null,"vpc_id":"aws_vpc.nondefault.id"},"after_unknown":{"arn":true,"availability_zone_id":true,"id":true,"ipv6_cidr_block_association_id":true,"owner_id":true,"tags_all":true}}},{"address":"aws_subnet.nondefault_2","mode":"managed","type":"aws_subnet","name":"nondefault_2","provider_name":"registry.terraform.io/hashicorp/aws","change":{"actions":["create"],"before":null,"after":{"assign_ipv6_address_on_creation":false,"availability_zone":"us-east-1b","cidr_block":"10.1.1.0/25","customer_owned_ipv4_pool":null,"ipv6_cidr_block":null,"map_customer_owned_ip_on_launch":null,"map_public_ip_on_launch":false,"outpost_arn":null,"tags":null,"timeouts":null,"vpc_id":"aws_vpc.nondefault.id"},"after_unknown":{"arn":true,"availability_zone_id":true,"id":true,"ipv6_cidr_block_association_id":true,"owner_id":true,"tags_all":true}}},{"address":"aws_vpc.nondefault","mode":"managed","type":"aws_vpc","name":"nondefault","provider_name":"registry.terraform.io/hashicorp/aws","change":{"actions":["create"],"before":null,"after":{"assign_generated_ipv6_cidr_block":false,"cidr_block":"10.1.1.0/24","enable_dns_support":true,"instance_tenancy":"default","tags":null},"after_unknown":{"arn":true,"default_network_acl_id":true,"default_route_table_id":true,"default_security_group_id":true,"dhcp_options_id":true,"enable_classiclink":true,"enable_classiclink_dns_support":true,"enable_dns_hostnames":true,"id":true,"ipv6_association_id":true,"ipv6_cidr_block":true,"main_route_table_id":true,"owner_id":true,"tags_all":true}}}],"configuration":{"provider_config":{"aws":{"name":"aws","expressions":{"region":{"constant_value":"us-east-1"}}}},"root_module":{"resources":[{"address":"aws_internet_gateway.igw","mode":"managed","type":"aws_internet_gateway","name":"igw","provider_config_key":"aws","expressions":{"vpc_id":{"references":["aws_vpc.nondefault"]}},"schema_version":0,"raw_data":{"FileName":"main.tf","StartLine":33,"EndLine":35}},{"address":"aws_redshift_cluster.test","mode":"managed","type":"aws_redshift_cluster","name":"test","provider_config_key":"aws","expressions":{"cluster_identifier":{"constant_value":"redshift-defaults-only"},"cluster_subnet_group_name":{"references":["aws_redshift_subnet_group.nondefault"]},"master_password":{"constant_value":"Test1234"},"master_username":{"constant_value":"test"},"node_type":{"constant_value":"dc2.large"},"publicly_accessible":{"constant_value":true},"skip_final_snapshot":{"constant_value":true},"vpc_security_group_ids":{"references":["aws_security_group.nondefault"]}},"schema_version":0,"raw_data":{"FileName":"main.tf","StartLine":55,"EndLine":64}},{"address":"aws_redshift_subnet_group.nondefault","mode":"managed","type":"aws_redshift_subnet_group","name":"nondefault","provider_config_key":"aws","expressions":{"name":{"constant_value":"nondefault"},"subnet_ids":{"references":["aws_subnet.nondefault_1","aws_subnet.nondefault_2"]}},"schema_version":0,"raw_data":{"FileName":"main.tf","StartLine":28,"EndLine":31}},{"address":"aws_route_table.nondefault","mode":"managed","type":"aws_route_table","name":"nondefault","provider_config_key":"aws","expressions":{"vpc_id":{"references":["aws_vpc.nondefault"]}},"schema_version":0,"raw_data":{"FileName":"main.tf","StartLine":37,"EndLine":43}},{"address":"aws_route_table_association.nondefault1","mode":"managed","type":"aws_route_table_association","name":"nondefault1","provider_config_key":"aws","expressions":{"route_table_id":{"references":["aws_route_table.nondefault"]},"subnet_id":{"references":["aws_subnet.nondefault_1"]}},"schema_version":0,"raw_data":{"FileName":"main.tf","StartLine":45,"EndLine":48}},{"address":"aws_route_table_association.nondefault2","mode":"managed","type":"aws_route_table_association","name":"nondefault2","provider_config_key":"aws","expressions":{"route_table_id":{"references":["aws_route_table.nondefault"]},"subnet_id":{"references":["aws_subnet.nondefault_2"]}},"schema_version":0,"raw_data":{"FileName":"main.tf","StartLine":50,"EndLine":53}},{"address":"aws_security_group.nondefault","mode":"managed","type":"aws_security_group","name":"nondefault","provider_config_key":"aws","expressions":{"vpc_id":{"references":["aws_vpc.nondefault"]}},"schema_version":1,"raw_data":{"FileName":"main.tf","StartLine":5,"EndLine":14}},{"address":"aws_subnet.nondefault_1","mode":"managed","type":"aws_subnet","name":"nondefault_1","provider_config_key":"aws","expressions":{"availability_zone":{"constant_value":"us-east-1a"},"cidr_block":{"constant_value":"10.1.1.128/25"},"vpc_id":{"references":["aws_vpc.nondefault"]}},"schema_version":1,"raw_data":{"FileName":"main.tf","StartLine":16,"EndLine":20}},{"address":"aws_subnet.nondefault_2","mode":"managed","type":"aws_subnet","name":"nondefault_2","provider_config_key":"aws","expressions":{"availability_zone":{"constant_value":"us-east-1b"},"cidr_block":{"constant_value":"10.1.1.0/25"},"vpc_id":{"references":["aws_vpc.nondefault"]}},"schema_version":1,"raw_data":{"FileName":"main.tf","StartLine":22,"EndLine":26}},{"address":"aws_vpc.nondefault","mode":"managed","type":"aws_vpc","name":"nondefault","provider_config_key":"aws","expressions":{"cidr_block":{"constant_value":"10.1.1.0/24"}},"schema_version":1,"raw_data":{"FileName":"main.tf","StartLine":1,"EndLine":3}}]}}}
