{"format_version":"0.1","terraform_version":"0.13.4","planned_values":{"root_module":{"resources":[{"address":"aws_sns_topic.cloudrail_1","mode":"managed","type":"aws_sns_topic","name":"cloudrail_1","provider_name":"registry.terraform.io/hashicorp/aws","schema_version":0,"values":{"application_failure_feedback_role_arn":null,"application_success_feedback_role_arn":null,"application_success_feedback_sample_rate":null,"content_based_deduplication":false,"delivery_policy":null,"display_name":null,"fifo_topic":false,"firehose_failure_feedback_role_arn":null,"firehose_success_feedback_role_arn":null,"firehose_success_feedback_sample_rate":null,"http_failure_feedback_role_arn":null,"http_success_feedback_role_arn":null,"http_success_feedback_sample_rate":null,"kms_master_key_id":null,"lambda_failure_feedback_role_arn":null,"lambda_success_feedback_role_arn":null,"lambda_success_feedback_sample_rate":null,"name":"sns_not_ecnrypted-1","sqs_failure_feedback_role_arn":null,"sqs_success_feedback_role_arn":null,"sqs_success_feedback_sample_rate":null,"tags":null}},{"address":"aws_sns_topic.cloudrail_2","mode":"managed","type":"aws_sns_topic","name":"cloudrail_2","provider_name":"registry.terraform.io/hashicorp/aws","schema_version":0,"values":{"application_failure_feedback_role_arn":null,"application_success_feedback_role_arn":null,"application_success_feedback_sample_rate":null,"content_based_deduplication":false,"delivery_policy":null,"display_name":null,"fifo_topic":false,"firehose_failure_feedback_role_arn":null,"firehose_success_feedback_role_arn":null,"firehose_success_feedback_sample_rate":null,"http_failure_feedback_role_arn":null,"http_success_feedback_role_arn":null,"http_success_feedback_sample_rate":null,"kms_master_key_id":null,"lambda_failure_feedback_role_arn":null,"lambda_success_feedback_role_arn":null,"lambda_success_feedback_sample_rate":null,"name":"sns_not_ecnrypted-2","sqs_failure_feedback_role_arn":null,"sqs_success_feedback_role_arn":null,"sqs_success_feedback_sample_rate":null,"tags":null}}]}},"resource_changes":[{"address":"aws_sns_topic.cloudrail_1","mode":"managed","type":"aws_sns_topic","name":"cloudrail_1","provider_name":"registry.terraform.io/hashicorp/aws","change":{"actions":["create"],"before":null,"after":{"application_failure_feedback_role_arn":null,"application_success_feedback_role_arn":null,"application_success_feedback_sample_rate":null,"content_based_deduplication":false,"delivery_policy":null,"display_name":null,"fifo_topic":false,"firehose_failure_feedback_role_arn":null,"firehose_success_feedback_role_arn":null,"firehose_success_feedback_sample_rate":null,"http_failure_feedback_role_arn":null,"http_success_feedback_role_arn":null,"http_success_feedback_sample_rate":null,"kms_master_key_id":null,"lambda_failure_feedback_role_arn":null,"lambda_success_feedback_role_arn":null,"lambda_success_feedback_sample_rate":null,"name":"sns_not_ecnrypted-1","sqs_failure_feedback_role_arn":null,"sqs_success_feedback_role_arn":null,"sqs_success_feedback_sample_rate":null,"tags":null},"after_unknown":{"arn":true,"id":true,"name_prefix":true,"owner":true,"policy":true,"tags_all":true}}},{"address":"aws_sns_topic.cloudrail_2","mode":"managed","type":"aws_sns_topic","name":"cloudrail_2","provider_name":"registry.terraform.io/hashicorp/aws","change":{"actions":["create"],"before":null,"after":{"application_failure_feedback_role_arn":null,"application_success_feedback_role_arn":null,"application_success_feedback_sample_rate":null,"content_based_deduplication":false,"delivery_policy":null,"display_name":null,"fifo_topic":false,"firehose_failure_feedback_role_arn":null,"firehose_success_feedback_role_arn":null,"firehose_success_feedback_sample_rate":null,"http_failure_feedback_role_arn":null,"http_success_feedback_role_arn":null,"http_success_feedback_sample_rate":null,"kms_master_key_id":null,"lambda_failure_feedback_role_arn":null,"lambda_success_feedback_role_arn":null,"lambda_success_feedback_sample_rate":null,"name":"sns_not_ecnrypted-2","sqs_failure_feedback_role_arn":null,"sqs_success_feedback_role_arn":null,"sqs_success_feedback_sample_rate":null,"tags":null},"after_unknown":{"arn":true,"id":true,"name_prefix":true,"owner":true,"policy":true,"tags_all":true}}}],"configuration":{"provider_config":{"aws":{"name":"aws","expressions":{"region":{"constant_value":"us-east-1"}}}},"root_module":{"resources":[{"address":"aws_sns_topic.cloudrail_1","mode":"managed","type":"aws_sns_topic","name":"cloudrail_1","provider_config_key":"aws","expressions":{"name":{"constant_value":"sns_not_ecnrypted-1"}},"schema_version":0,"raw_data":{"FileName":"main.tf","StartLine":1,"EndLine":3}},{"address":"aws_sns_topic.cloudrail_2","mode":"managed","type":"aws_sns_topic","name":"cloudrail_2","provider_config_key":"aws","expressions":{"name":{"constant_value":"sns_not_ecnrypted-2"}},"schema_version":0,"raw_data":{"FileName":"main.tf","StartLine":5,"EndLine":7}}]}}}
