{
    "format_version": "0.1",
    "terraform_version": "0.14.6",
    "planned_values": {
        "root_module": {
            "resources": [
                {
                    "address": "azurerm_network_interface.nic",
                    "mode": "managed",
                    "type": "azurerm_network_interface",
                    "name": "nic",
                    "provider_name": "registry.terraform.io/hashicorp/azurerm",
                    "schema_version": 0,
                    "values": {
                        "enable_accelerated_networking": false,
                        "enable_ip_forwarding": false,
                        "ip_configuration": [
                            {
                                "name": "testconfiguration1",
                                "private_ip_address_allocation": "dynamic",
                                "private_ip_address_version": "IPv4",
                                "public_ip_address_id": null,
                                "subnet_id": "azurerm_subnet.snet.id"
                            }
                        ],
                        "location": "westeurope",
                        "name": "cr2340-nic",
                        "resource_group_name": "cr2340-RG",
                        "tags": null,
                        "timeouts": null
                    }
                },
                {
                    "address": "azurerm_resource_group.rg",
                    "mode": "managed",
                    "type": "azurerm_resource_group",
                    "name": "rg",
                    "provider_name": "registry.terraform.io/hashicorp/azurerm",
                    "schema_version": 0,
                    "values": {
                        "location": "westeurope",
                        "name": "cr2340-RG",
                        "tags": null,
                        "timeouts": null
                    }
                },
                {
                    "address": "azurerm_storage_account.storacc",
                    "mode": "managed",
                    "type": "azurerm_storage_account",
                    "name": "storacc",
                    "provider_name": "registry.terraform.io/hashicorp/azurerm",
                    "schema_version": 2,
                    "values": {
                        "account_kind": "StorageV2",
                        "account_replication_type": "LRS",
                        "account_tier": "Standard",
                        "allow_blob_public_access": false,
                        "azure_files_authentication": [],
                        "custom_domain": [],
                        "enable_https_traffic_only": true,
                        "is_hns_enabled": false,
                        "location": "westeurope",
                        "min_tls_version": "TLS1_0",
                        "name": "cr2340tstsa",
                        "nfsv3_enabled": false,
                        "queue_encryption_key_type": "Service",
                        "resource_group_name": "cr2340-RG",
                        "shared_access_key_enabled": true,
                        "static_website": [],
                        "table_encryption_key_type": "Service",
                        "tags": null,
                        "timeouts": null
                    }
                },
                {
                    "address": "azurerm_subnet.snet",
                    "mode": "managed",
                    "type": "azurerm_subnet",
                    "name": "snet",
                    "provider_name": "registry.terraform.io/hashicorp/azurerm",
                    "schema_version": 0,
                    "values": {
                        "address_prefixes": [
                            "10.0.2.0/24"
                        ],
                        "delegation": [],
                        "enforce_private_link_endpoint_network_policies": false,
                        "enforce_private_link_service_network_policies": false,
                        "name": "cr2340-snet",
                        "resource_group_name": "cr2340-RG",
                        "service_endpoint_policy_ids": null,
                        "service_endpoints": null,
                        "timeouts": null,
                        "virtual_network_name": "cr2340-vnet"
                    }
                },
                {
                    "address": "azurerm_virtual_machine_scale_set.vmss",
                    "mode": "managed",
                    "type": "azurerm_virtual_machine_scale_set",
                    "name": "vmss",
                    "provider_name": "registry.terraform.io/hashicorp/azurerm",
                    "schema_version": 1,
                    "values": {
                        "automatic_os_upgrade": false,
                        "boot_diagnostics": [],
                        "eviction_policy": null,
                        "extension": [
                            {
                                "auto_upgrade_minor_version": null,
                                "name": "MSILinuxExtension",
                                "protected_settings": "",
                                "provision_after_extensions": [],
                                "publisher": "Microsoft.ManagedIdentity",
                                "settings": "{\"port\": 50342}",
                                "type": "ManagedIdentityExtensionForLinux",
                                "type_handler_version": "1.0"
                            }
                        ],
                        "health_probe_id": null,
                        "location": "westeurope",
                        "name": "cr2340-vmss",
                        "network_profile": [
                            {
                                "accelerated_networking": null,
                                "dns_settings": [],
                                "ip_configuration": [
                                    {
                                        "application_gateway_backend_address_pool_ids": [],
                                        "application_security_group_ids": [],
                                        "load_balancer_backend_address_pool_ids": [],
                                        "name": "TestIPConfiguration",
                                        "primary": true,
                                        "public_ip_address_configuration": [],
                                        "subnet_id": "azurerm_subnet.snet.id"
                                    }
                                ],
                                "ip_forwarding": false,
                                "name": "networkprofile",
                                "network_security_group_id": "",
                                "primary": true
                            }
                        ],
                        "os_profile": [
                            {
                                "admin_password": "Pas1sword1234!",
                                "admin_username": "testadmin",
                                "computer_name_prefix": "testvm",
                                "custom_data": null
                            }
                        ],
                        "os_profile_linux_config": [
                            {
                                "disable_password_authentication": false,
                                "ssh_keys": []
                            }
                        ],
                        "os_profile_secrets": [],
                        "os_profile_windows_config": [],
                        "overprovision": true,
                        "plan": [],
                        "priority": null,
                        "proximity_placement_group_id": null,
                        "resource_group_name": "cr2340-RG",
                        "rolling_upgrade_policy": [],
                        "single_placement_group": true,
                        "sku": [
                            {
                                "capacity": 1,
                                "name": "Standard_B2s"
                            }
                        ],
                        "storage_profile_data_disk": [],
                        "storage_profile_image_reference": [
                            {
                                "id": "",
                                "offer": "UbuntuServer",
                                "publisher": "Canonical",
                                "sku": "16.04-LTS",
                                "version": "latest"
                            }
                        ],
                        "storage_profile_os_disk": [
                            {
                                "caching": "ReadWrite",
                                "create_option": "FromImage",
                                "image": "",
                                "managed_disk_type": "Standard_LRS",
                                "name": "",
                                "os_type": "",
                                "vhd_containers": []
                            }
                        ],
                        "tags": null,
                        "timeouts": null,
                        "upgrade_policy_mode": "Manual",
                        "zones": null
                    }
                },
                {
                    "address": "azurerm_virtual_network.vnet",
                    "mode": "managed",
                    "type": "azurerm_virtual_network",
                    "name": "vnet",
                    "provider_name": "registry.terraform.io/hashicorp/azurerm",
                    "schema_version": 0,
                    "values": {
                        "address_space": [
                            "10.0.0.0/16"
                        ],
                        "bgp_community": null,
                        "ddos_protection_plan": [],
                        "flow_timeout_in_minutes": null,
                        "location": "westeurope",
                        "name": "cr2340-vnet",
                        "resource_group_name": "cr2340-RG",
                        "tags": null,
                        "timeouts": null,
                        "vm_protection_enabled": false
                    }
                }
            ]
        }
    },
    "resource_changes": [
        {
            "address": "azurerm_network_interface.nic",
            "mode": "managed",
            "type": "azurerm_network_interface",
            "name": "nic",
            "provider_name": "registry.terraform.io/hashicorp/azurerm",
            "change": {
                "actions": [
                    "create"
                ],
                "before": null,
                "after": {
                    "enable_accelerated_networking": false,
                    "enable_ip_forwarding": false,
                    "ip_configuration": [
                        {
                            "name": "testconfiguration1",
                            "private_ip_address_allocation": "dynamic",
                            "private_ip_address_version": "IPv4",
                            "public_ip_address_id": null,
                            "subnet_id": "azurerm_subnet.snet.id"
                        }
                    ],
                    "location": "westeurope",
                    "name": "cr2340-nic",
                    "resource_group_name": "cr2340-RG",
                    "tags": null,
                    "timeouts": null
                },
                "after_unknown": {
                    "applied_dns_servers": true,
                    "dns_servers": true,
                    "id": true,
                    "internal_dns_name_label": true,
                    "internal_domain_name_suffix": true,
                    "ip_configuration": [
                        {
                            "gateway_load_balancer_frontend_ip_configuration_id": true,
                            "primary": true,
                            "private_ip_address": true
                        }
                    ],
                    "mac_address": true,
                    "private_ip_address": true,
                    "private_ip_addresses": true,
                    "virtual_machine_id": true
                }
            }
        },
        {
            "address": "azurerm_resource_group.rg",
            "mode": "managed",
            "type": "azurerm_resource_group",
            "name": "rg",
            "provider_name": "registry.terraform.io/hashicorp/azurerm",
            "change": {
                "actions": [
                    "create"
                ],
                "before": null,
                "after": {
                    "location": "westeurope",
                    "name": "cr2340-RG",
                    "tags": null,
                    "timeouts": null
                },
                "after_unknown": {
                    "id": true
                }
            }
        },
        {
            "address": "azurerm_storage_account.storacc",
            "mode": "managed",
            "type": "azurerm_storage_account",
            "name": "storacc",
            "provider_name": "registry.terraform.io/hashicorp/azurerm",
            "change": {
                "actions": [
                    "create"
                ],
                "before": null,
                "after": {
                    "account_kind": "StorageV2",
                    "account_replication_type": "LRS",
                    "account_tier": "Standard",
                    "allow_blob_public_access": false,
                    "azure_files_authentication": [],
                    "custom_domain": [],
                    "enable_https_traffic_only": true,
                    "is_hns_enabled": false,
                    "location": "westeurope",
                    "min_tls_version": "TLS1_0",
                    "name": "cr2340tstsa",
                    "nfsv3_enabled": false,
                    "queue_encryption_key_type": "Service",
                    "resource_group_name": "cr2340-RG",
                    "shared_access_key_enabled": true,
                    "static_website": [],
                    "table_encryption_key_type": "Service",
                    "tags": null,
                    "timeouts": null
                },
                "after_unknown": {
                    "access_tier": true,
                    "azure_files_authentication": [],
                    "blob_properties": true,
                    "custom_domain": [],
                    "id": true,
                    "identity": true,
                    "large_file_share_enabled": true,
                    "network_rules": true,
                    "primary_access_key": true,
                    "primary_blob_connection_string": true,
                    "primary_blob_endpoint": true,
                    "primary_blob_host": true,
                    "primary_connection_string": true,
                    "primary_dfs_endpoint": true,
                    "primary_dfs_host": true,
                    "primary_file_endpoint": true,
                    "primary_file_host": true,
                    "primary_location": true,
                    "primary_queue_endpoint": true,
                    "primary_queue_host": true,
                    "primary_table_endpoint": true,
                    "primary_table_host": true,
                    "primary_web_endpoint": true,
                    "primary_web_host": true,
                    "queue_properties": true,
                    "routing": true,
                    "secondary_access_key": true,
                    "secondary_blob_connection_string": true,
                    "secondary_blob_endpoint": true,
                    "secondary_blob_host": true,
                    "secondary_connection_string": true,
                    "secondary_dfs_endpoint": true,
                    "secondary_dfs_host": true,
                    "secondary_file_endpoint": true,
                    "secondary_file_host": true,
                    "secondary_location": true,
                    "secondary_queue_endpoint": true,
                    "secondary_queue_host": true,
                    "secondary_table_endpoint": true,
                    "secondary_table_host": true,
                    "secondary_web_endpoint": true,
                    "secondary_web_host": true,
                    "share_properties": true,
                    "static_website": []
                }
            }
        },
        {
            "address": "azurerm_subnet.snet",
            "mode": "managed",
            "type": "azurerm_subnet",
            "name": "snet",
            "provider_name": "registry.terraform.io/hashicorp/azurerm",
            "change": {
                "actions": [
                    "create"
                ],
                "before": null,
                "after": {
                    "address_prefixes": [
                        "10.0.2.0/24"
                    ],
                    "delegation": [],
                    "enforce_private_link_endpoint_network_policies": false,
                    "enforce_private_link_service_network_policies": false,
                    "name": "cr2340-snet",
                    "resource_group_name": "cr2340-RG",
                    "service_endpoint_policy_ids": null,
                    "service_endpoints": null,
                    "timeouts": null,
                    "virtual_network_name": "cr2340-vnet"
                },
                "after_unknown": {
                    "address_prefix": true,
                    "address_prefixes": [
                        false
                    ],
                    "delegation": [],
                    "id": true
                }
            }
        },
        {
            "address": "azurerm_virtual_machine_scale_set.vmss",
            "mode": "managed",
            "type": "azurerm_virtual_machine_scale_set",
            "name": "vmss",
            "provider_name": "registry.terraform.io/hashicorp/azurerm",
            "change": {
                "actions": [
                    "create"
                ],
                "before": null,
                "after": {
                    "automatic_os_upgrade": false,
                    "boot_diagnostics": [],
                    "eviction_policy": null,
                    "extension": [
                        {
                            "auto_upgrade_minor_version": null,
                            "name": "MSILinuxExtension",
                            "protected_settings": "",
                            "provision_after_extensions": [],
                            "publisher": "Microsoft.ManagedIdentity",
                            "settings": "{\"port\": 50342}",
                            "type": "ManagedIdentityExtensionForLinux",
                            "type_handler_version": "1.0"
                        }
                    ],
                    "health_probe_id": null,
                    "location": "westeurope",
                    "name": "cr2340-vmss",
                    "network_profile": [
                        {
                            "accelerated_networking": null,
                            "dns_settings": [],
                            "ip_configuration": [
                                {
                                    "application_gateway_backend_address_pool_ids": [],
                                    "application_security_group_ids": [],
                                    "load_balancer_backend_address_pool_ids": [],
                                    "name": "TestIPConfiguration",
                                    "primary": true,
                                    "public_ip_address_configuration": [],
                                    "subnet_id": "azurerm_subnet.snet.id"
                                }
                            ],
                            "ip_forwarding": false,
                            "name": "networkprofile",
                            "network_security_group_id": "",
                            "primary": true
                        }
                    ],
                    "os_profile": [
                        {
                            "admin_password": "Pas1sword1234!",
                            "admin_username": "testadmin",
                            "computer_name_prefix": "testvm",
                            "custom_data": null
                        }
                    ],
                    "os_profile_linux_config": [
                        {
                            "disable_password_authentication": false,
                            "ssh_keys": []
                        }
                    ],
                    "os_profile_secrets": [],
                    "os_profile_windows_config": [],
                    "overprovision": true,
                    "plan": [],
                    "priority": null,
                    "proximity_placement_group_id": null,
                    "resource_group_name": "cr2340-RG",
                    "rolling_upgrade_policy": [],
                    "single_placement_group": true,
                    "sku": [
                        {
                            "capacity": 1,
                            "name": "Standard_B2s"
                        }
                    ],
                    "storage_profile_data_disk": [],
                    "storage_profile_image_reference": [
                        {
                            "id": "",
                            "offer": "UbuntuServer",
                            "publisher": "Canonical",
                            "sku": "16.04-LTS",
                            "version": "latest"
                        }
                    ],
                    "storage_profile_os_disk": [
                        {
                            "caching": "ReadWrite",
                            "create_option": "FromImage",
                            "image": "",
                            "managed_disk_type": "Standard_LRS",
                            "name": "",
                            "os_type": "",
                            "vhd_containers": []
                        }
                    ],
                    "tags": null,
                    "timeouts": null,
                    "upgrade_policy_mode": "Manual",
                    "zones": null
                },
                "after_unknown": {
                    "boot_diagnostics": [],
                    "extension": [
                        {
                            "provision_after_extensions": []
                        }
                    ],
                    "id": true,
                    "identity": true,
                    "license_type": true,
                    "network_profile": [
                        {
                            "dns_settings": [],
                            "ip_configuration": [
                                {
                                    "application_gateway_backend_address_pool_ids": [],
                                    "application_security_group_ids": [],
                                    "load_balancer_backend_address_pool_ids": [],
                                    "load_balancer_inbound_nat_rules_ids": true,
                                    "public_ip_address_configuration": []
                                }
                            ]
                        }
                    ],
                    "os_profile": [
                        {}
                    ],
                    "os_profile_linux_config": [
                        {
                            "ssh_keys": []
                        }
                    ],
                    "os_profile_secrets": [],
                    "os_profile_windows_config": [],
                    "plan": [],
                    "rolling_upgrade_policy": [],
                    "sku": [
                        {
                            "tier": true
                        }
                    ],
                    "storage_profile_data_disk": [],
                    "storage_profile_image_reference": [
                        {}
                    ],
                    "storage_profile_os_disk": [
                        {
                            "vhd_containers": []
                        }
                    ]
                }
            }
        },
        {
            "address": "azurerm_virtual_network.vnet",
            "mode": "managed",
            "type": "azurerm_virtual_network",
            "name": "vnet",
            "provider_name": "registry.terraform.io/hashicorp/azurerm",
            "change": {
                "actions": [
                    "create"
                ],
                "before": null,
                "after": {
                    "address_space": [
                        "10.0.0.0/16"
                    ],
                    "bgp_community": null,
                    "ddos_protection_plan": [],
                    "flow_timeout_in_minutes": null,
                    "location": "westeurope",
                    "name": "cr2340-vnet",
                    "resource_group_name": "cr2340-RG",
                    "tags": null,
                    "timeouts": null,
                    "vm_protection_enabled": false
                },
                "after_unknown": {
                    "address_space": [
                        false
                    ],
                    "ddos_protection_plan": [],
                    "dns_servers": true,
                    "guid": true,
                    "id": true,
                    "subnet": true
                }
            }
        }
    ],
    "configuration": {
        "provider_config": {
            "azurerm": {
                "name": "azurerm",
                "expressions": {
                    "features": [
                        {}
                    ]
                }
            }
        },
        "root_module": {
            "resources": [
                {
                    "address": "azurerm_network_interface.nic",
                    "mode": "managed",
                    "type": "azurerm_network_interface",
                    "name": "nic",
                    "provider_config_key": "azurerm",
                    "expressions": {
                        "ip_configuration": [
                            {
                                "name": {
                                    "constant_value": "testconfiguration1"
                                },
                                "private_ip_address_allocation": {
                                    "constant_value": "Dynamic"
                                },
                                "subnet_id": {
                                    "references": [
                                        "azurerm_subnet.snet"
                                    ]
                                }
                            }
                        ],
                        "location": {
                            "references": [
                                "azurerm_resource_group.rg"
                            ]
                        },
                        "name": {
                            "references": [
                                "local.resource_prefix"
                            ]
                        },
                        "resource_group_name": {
                            "references": [
                                "azurerm_resource_group.rg"
                            ]
                        }
                    },
                    "schema_version": 0,
                    "raw_data": {
                        "FileName": "main.tf",
                        "StartLine": 29,
                        "EndLine": 39
                    }
                },
                {
                    "address": "azurerm_resource_group.rg",
                    "mode": "managed",
                    "type": "azurerm_resource_group",
                    "name": "rg",
                    "provider_config_key": "azurerm",
                    "expressions": {
                        "location": {
                            "constant_value": "West Europe"
                        },
                        "name": {
                            "references": [
                                "local.resource_prefix"
                            ]
                        }
                    },
                    "schema_version": 0,
                    "raw_data": {
                        "FileName": "main.tf",
                        "StartLine": 10,
                        "EndLine": 13
                    }
                },
                {
                    "address": "azurerm_storage_account.storacc",
                    "mode": "managed",
                    "type": "azurerm_storage_account",
                    "name": "storacc",
                    "provider_config_key": "azurerm",
                    "expressions": {
                        "account_replication_type": {
                            "constant_value": "LRS"
                        },
                        "account_tier": {
                            "constant_value": "Standard"
                        },
                        "location": {
                            "references": [
                                "azurerm_resource_group.rg"
                            ]
                        },
                        "name": {
                            "references": [
                                "local.resource_prefix"
                            ]
                        },
                        "resource_group_name": {
                            "references": [
                                "azurerm_resource_group.rg"
                            ]
                        }
                    },
                    "schema_version": 2,
                    "raw_data": {
                        "FileName": "main.tf",
                        "StartLine": 41,
                        "EndLine": 47
                    }
                },
                {
                    "address": "azurerm_subnet.snet",
                    "mode": "managed",
                    "type": "azurerm_subnet",
                    "name": "snet",
                    "provider_config_key": "azurerm",
                    "expressions": {
                        "address_prefixes": {
                            "constant_value": [
                                "10.0.2.0/24"
                            ]
                        },
                        "name": {
                            "references": [
                                "local.resource_prefix"
                            ]
                        },
                        "resource_group_name": {
                            "references": [
                                "azurerm_resource_group.rg"
                            ]
                        },
                        "virtual_network_name": {
                            "references": [
                                "azurerm_virtual_network.vnet"
                            ]
                        }
                    },
                    "schema_version": 0,
                    "raw_data": {
                        "FileName": "main.tf",
                        "StartLine": 22,
                        "EndLine": 27
                    }
                },
                {
                    "address": "azurerm_virtual_machine_scale_set.vmss",
                    "mode": "managed",
                    "type": "azurerm_virtual_machine_scale_set",
                    "name": "vmss",
                    "provider_config_key": "azurerm",
                    "expressions": {
                        "extension": [
                            {
                                "name": {
                                    "constant_value": "MSILinuxExtension"
                                },
                                "publisher": {
                                    "constant_value": "Microsoft.ManagedIdentity"
                                },
                                "settings": {
                                    "constant_value": "{\"port\": 50342}"
                                },
                                "type": {
                                    "constant_value": "ManagedIdentityExtensionForLinux"
                                },
                                "type_handler_version": {
                                    "constant_value": "1.0"
                                }
                            }
                        ],
                        "location": {
                            "references": [
                                "azurerm_resource_group.rg"
                            ]
                        },
                        "name": {
                            "references": [
                                "local.resource_prefix"
                            ]
                        },
                        "network_profile": [
                            {
                                "ip_configuration": [
                                    {
                                        "name": {
                                            "constant_value": "TestIPConfiguration"
                                        },
                                        "primary": {
                                            "constant_value": true
                                        },
                                        "subnet_id": {
                                            "references": [
                                                "azurerm_subnet.snet"
                                            ]
                                        }
                                    }
                                ],
                                "name": {
                                    "constant_value": "networkprofile"
                                },
                                "primary": {
                                    "constant_value": true
                                }
                            }
                        ],
                        "os_profile": [
                            {
                                "admin_password": {
                                    "constant_value": "Pas1sword1234!"
                                },
                                "admin_username": {
                                    "constant_value": "testadmin"
                                },
                                "computer_name_prefix": {
                                    "constant_value": "testvm"
                                }
                            }
                        ],
                        "os_profile_linux_config": [
                            {
                                "disable_password_authentication": {
                                    "constant_value": false
                                }
                            }
                        ],
                        "resource_group_name": {
                            "references": [
                                "azurerm_resource_group.rg"
                            ]
                        },
                        "sku": [
                            {
                                "capacity": {
                                    "constant_value": 1
                                },
                                "name": {
                                    "constant_value": "Standard_B2s"
                                }
                            }
                        ],
                        "storage_profile_image_reference": [
                            {
                                "offer": {
                                    "constant_value": "UbuntuServer"
                                },
                                "publisher": {
                                    "constant_value": "Canonical"
                                },
                                "sku": {
                                    "constant_value": "16.04-LTS"
                                },
                                "version": {
                                    "constant_value": "latest"
                                }
                            }
                        ],
                        "storage_profile_os_disk": [
                            {
                                "caching": {
                                    "constant_value": "ReadWrite"
                                },
                                "create_option": {
                                    "constant_value": "FromImage"
                                },
                                "managed_disk_type": {
                                    "constant_value": "Standard_LRS"
                                },
                                "name": {
                                    "constant_value": ""
                                }
                            }
                        ],
                        "upgrade_policy_mode": {
                            "constant_value": "Manual"
                        }
                    },
                    "schema_version": 1,
                    "raw_data": {
                        "FileName": "main.tf",
                        "StartLine": 49,
                        "EndLine": 102
                    }
                },
                {
                    "address": "azurerm_virtual_network.vnet",
                    "mode": "managed",
                    "type": "azurerm_virtual_network",
                    "name": "vnet",
                    "provider_config_key": "azurerm",
                    "expressions": {
                        "address_space": {
                            "constant_value": [
                                "10.0.0.0/16"
                            ]
                        },
                        "location": {
                            "references": [
                                "azurerm_resource_group.rg"
                            ]
                        },
                        "name": {
                            "references": [
                                "local.resource_prefix"
                            ]
                        },
                        "resource_group_name": {
                            "references": [
                                "azurerm_resource_group.rg"
                            ]
                        }
                    },
                    "schema_version": 0,
                    "raw_data": {
                        "FileName": "main.tf",
                        "StartLine": 15,
                        "EndLine": 20
                    }
                }
            ]
        }
    }
}