{
  "version": 4,
  "terraform_version": "0.15.4",
  "serial": 982,
  "lineage": "17d42b56-6ea0-ca6f-1292-70c99f478f58",
  "outputs": {},
  "resources": [
    {
      "mode": "managed",
      "type": "aws_db_subnet_group",
      "name": "nondefault",
      "provider": "provider[\"registry.terraform.io/hashicorp/aws\"]",
      "instances": [
        {
          "schema_version": 0,
          "attributes": {
            "arn": "arn:aws:rds:us-east-1:115553109071:subgrp:nondefault",
            "description": "Managed by Terraform",
            "id": "nondefault",
            "name": "nondefault",
            "name_prefix": null,
            "subnet_ids": [
              "subnet-065b25774d1316a16",
              "subnet-0af5dd0c44d5a3d7e"
            ],
            "tags": null,
            "tags_all": {}
          },
          "sensitive_attributes": [],
          "private": "bnVsbA==",
          "dependencies": [
            "aws_subnet.nondefault_1",
            "aws_subnet.nondefault_2",
            "aws_vpc.nondefault"
          ]
        }
      ]
    },
    {
      "mode": "managed",
      "type": "aws_neptune_cluster",
      "name": "encrypted_neptune_cluster",
      "provider": "provider[\"registry.terraform.io/hashicorp/aws\"]",
      "instances": [
        {
          "schema_version": 0,
          "attributes": {
            "apply_immediately": true,
            "arn": "arn:aws:rds:us-east-1:115553109071:cluster:cloudrail-test-encrypted",
            "availability_zones": [
              "us-east-1a",
              "us-east-1b",
              "us-east-1d"
            ],
            "backup_retention_period": 1,
            "cluster_identifier": "cloudrail-test-encrypted",
            "cluster_identifier_prefix": null,
            "cluster_members": [],
            "cluster_resource_id": "cluster-WHU6IF5BT625FTBZO3S3JY3KNE",
            "deletion_protection": false,
            "enable_cloudwatch_logs_exports": null,
            "endpoint": "cloudrail-test-encrypted.cluster-cdn2jbeu6lre.us-east-1.neptune.amazonaws.com",
            "engine": "neptune",
            "engine_version": "1.0.4.2",
            "final_snapshot_identifier": null,
            "hosted_zone_id": "ZUFXD4SLT2LS7",
            "iam_database_authentication_enabled": false,
            "iam_roles": null,
            "id": "cloudrail-test-encrypted",
            "kms_key_arn": "arn:aws:kms:us-east-1:115553109071:key/033a057a-dd81-4bcd-b919-3a1f89e088ef",
            "neptune_cluster_parameter_group_name": "default.neptune1",
            "neptune_subnet_group_name": "nondefault",
            "port": 8182,
            "preferred_backup_window": "04:00-04:30",
            "preferred_maintenance_window": "fri:07:34-fri:08:04",
            "reader_endpoint": "cloudrail-test-encrypted.cluster-ro-cdn2jbeu6lre.us-east-1.neptune.amazonaws.com",
            "replication_source_identifier": "",
            "skip_final_snapshot": true,
            "snapshot_identifier": null,
            "storage_encrypted": true,
            "tags": null,
            "tags_all": {},
            "timeouts": null,
            "vpc_security_group_ids": [
              "sg-0a476428df3f3c74b"
            ]
          },
          "sensitive_attributes": [],
          "private": "eyJlMmJmYjczMC1lY2FhLTExZTYtOGY4OC0zNDM2M2JjN2M0YzAiOnsiY3JlYXRlIjo3MjAwMDAwMDAwMDAwLCJkZWxldGUiOjcyMDAwMDAwMDAwMDAsInVwZGF0ZSI6NzIwMDAwMDAwMDAwMH19",
          "dependencies": [
            "aws_db_subnet_group.nondefault",
            "aws_security_group.nondefault",
            "aws_subnet.nondefault_1",
            "aws_subnet.nondefault_2",
            "aws_vpc.nondefault"
          ]
        }
      ]
    },
    {
      "mode": "managed",
      "type": "aws_neptune_cluster_instance",
      "name": "neptune_instance",
      "provider": "provider[\"registry.terraform.io/hashicorp/aws\"]",
      "instances": [
        {
          "index_key": 0,
          "schema_version": 0,
          "attributes": {
            "address": "tf-20210620145439430500000002.cdn2jbeu6lre.us-east-1.neptune.amazonaws.com",
            "apply_immediately": true,
            "arn": "arn:aws:rds:us-east-1:115553109071:db:tf-20210620145439430500000002",
            "auto_minor_version_upgrade": true,
            "availability_zone": "us-east-1b",
            "cluster_identifier": "cloudrail-test-encrypted",
            "dbi_resource_id": "db-FTKAYAK7CSU36FWFDIEPEGU6IA",
            "endpoint": "tf-20210620145439430500000002.cdn2jbeu6lre.us-east-1.neptune.amazonaws.com:8182",
            "engine": "neptune",
            "engine_version": "1.0.4.2",
            "id": "tf-20210620145439430500000002",
            "identifier": "tf-20210620145439430500000002",
            "identifier_prefix": null,
            "instance_class": "db.r4.large",
            "kms_key_arn": "arn:aws:kms:us-east-1:115553109071:key/033a057a-dd81-4bcd-b919-3a1f89e088ef",
            "neptune_parameter_group_name": "default.neptune1",
            "neptune_subnet_group_name": "nondefault",
            "port": 8182,
            "preferred_backup_window": "04:00-04:30",
            "preferred_maintenance_window": "tue:04:13-tue:04:43",
            "promotion_tier": 0,
            "publicly_accessible": false,
            "storage_encrypted": true,
            "tags": null,
            "tags_all": {},
            "timeouts": null,
            "writer": true
          },
          "sensitive_attributes": [],
          "private": "eyJlMmJmYjczMC1lY2FhLTExZTYtOGY4OC0zNDM2M2JjN2M0YzAiOnsiY3JlYXRlIjo1NDAwMDAwMDAwMDAwLCJkZWxldGUiOjU0MDAwMDAwMDAwMDAsInVwZGF0ZSI6NTQwMDAwMDAwMDAwMH19",
          "dependencies": [
            "aws_db_subnet_group.nondefault",
            "aws_neptune_cluster.encrypted_neptune_cluster",
            "aws_security_group.nondefault",
            "aws_subnet.nondefault_1",
            "aws_subnet.nondefault_2",
            "aws_vpc.nondefault"
          ]
        },
        {
          "index_key": 1,
          "schema_version": 0,
          "attributes": {
            "address": "tf-20210620145439431000000003.cdn2jbeu6lre.us-east-1.neptune.amazonaws.com",
            "apply_immediately": true,
            "arn": "arn:aws:rds:us-east-1:115553109071:db:tf-20210620145439431000000003",
            "auto_minor_version_upgrade": true,
            "availability_zone": "us-east-1a",
            "cluster_identifier": "cloudrail-test-encrypted",
            "dbi_resource_id": "db-HXHYIIBSE4PJMV2H62KPOW4KDU",
            "endpoint": "tf-20210620145439431000000003.cdn2jbeu6lre.us-east-1.neptune.amazonaws.com:8182",
            "engine": "neptune",
            "engine_version": "1.0.4.2",
            "id": "tf-20210620145439431000000003",
            "identifier": "tf-20210620145439431000000003",
            "identifier_prefix": null,
            "instance_class": "db.r4.large",
            "kms_key_arn": "arn:aws:kms:us-east-1:115553109071:key/033a057a-dd81-4bcd-b919-3a1f89e088ef",
            "neptune_parameter_group_name": "default.neptune1",
            "neptune_subnet_group_name": "nondefault",
            "port": 8182,
            "preferred_backup_window": "04:00-04:30",
            "preferred_maintenance_window": "sun:04:26-sun:04:56",
            "promotion_tier": 0,
            "publicly_accessible": false,
            "storage_encrypted": true,
            "tags": null,
            "tags_all": {},
            "timeouts": null,
            "writer": false
          },
          "sensitive_attributes": [],
          "private": "eyJlMmJmYjczMC1lY2FhLTExZTYtOGY4OC0zNDM2M2JjN2M0YzAiOnsiY3JlYXRlIjo1NDAwMDAwMDAwMDAwLCJkZWxldGUiOjU0MDAwMDAwMDAwMDAsInVwZGF0ZSI6NTQwMDAwMDAwMDAwMH19",
          "dependencies": [
            "aws_db_subnet_group.nondefault",
            "aws_neptune_cluster.encrypted_neptune_cluster",
            "aws_security_group.nondefault",
            "aws_subnet.nondefault_1",
            "aws_subnet.nondefault_2",
            "aws_vpc.nondefault"
          ]
        }
      ]
    },
    {
      "mode": "managed",
      "type": "aws_security_group",
      "name": "nondefault",
      "provider": "provider[\"registry.terraform.io/hashicorp/aws\"]",
      "instances": [
        {
          "schema_version": 1,
          "attributes": {
            "arn": "arn:aws:ec2:us-east-1:115553109071:security-group/sg-0a476428df3f3c74b",
            "description": "Managed by Terraform",
            "egress": [],
            "id": "sg-0a476428df3f3c74b",
            "ingress": [],
            "name": "terraform-20210620145347858900000001",
            "name_prefix": "terraform-",
            "owner_id": "115553109071",
            "revoke_rules_on_delete": false,
            "tags": null,
            "tags_all": {},
            "timeouts": null,
            "vpc_id": "vpc-0dcbf0bf99c7b2907"
          },
          "sensitive_attributes": [],
          "private": "eyJlMmJmYjczMC1lY2FhLTExZTYtOGY4OC0zNDM2M2JjN2M0YzAiOnsiY3JlYXRlIjo2MDAwMDAwMDAwMDAsImRlbGV0ZSI6OTAwMDAwMDAwMDAwfSwic2NoZW1hX3ZlcnNpb24iOiIxIn0=",
          "dependencies": [
            "aws_vpc.nondefault"
          ]
        }
      ]
    },
    {
      "mode": "managed",
      "type": "aws_security_group",
      "name": "unused",
      "provider": "provider[\"registry.terraform.io/hashicorp/aws\"]",
      "instances": [
        {
          "schema_version": 1,
          "attributes": {
            "arn": "arn:aws:ec2:us-east-1:115553109071:security-group/sg-0d0d67b07953ba824",
            "description": "Managed by Terraform",
            "egress": [],
            "id": "sg-0d0d67b07953ba824",
            "ingress": [
              {
                "cidr_blocks": [
                  "0.0.0.0/0"
                ],
                "description": "",
                "from_port": 53,
                "ipv6_cidr_blocks": [],
                "prefix_list_ids": [],
                "protocol": "udp",
                "security_groups": [],
                "self": false,
                "to_port": 53
              }
            ],
            "name": "Unused security group",
            "name_prefix": "",
            "owner_id": "115553109071",
            "revoke_rules_on_delete": false,
            "tags": null,
            "tags_all": {},
            "timeouts": null,
            "vpc_id": "vpc-0dcbf0bf99c7b2907"
          },
          "sensitive_attributes": [],
          "private": "eyJlMmJmYjczMC1lY2FhLTExZTYtOGY4OC0zNDM2M2JjN2M0YzAiOnsiY3JlYXRlIjo2MDAwMDAwMDAwMDAsImRlbGV0ZSI6OTAwMDAwMDAwMDAwfSwic2NoZW1hX3ZlcnNpb24iOiIxIn0=",
          "dependencies": [
            "aws_vpc.nondefault"
          ]
        }
      ]
    },
    {
      "mode": "managed",
      "type": "aws_subnet",
      "name": "nondefault_1",
      "provider": "provider[\"registry.terraform.io/hashicorp/aws\"]",
      "instances": [
        {
          "schema_version": 1,
          "attributes": {
            "arn": "arn:aws:ec2:us-east-1:115553109071:subnet/subnet-065b25774d1316a16",
            "assign_ipv6_address_on_creation": false,
            "availability_zone": "us-east-1a",
            "availability_zone_id": "use1-az1",
            "cidr_block": "10.1.1.128/25",
            "customer_owned_ipv4_pool": "",
            "id": "subnet-065b25774d1316a16",
            "ipv6_cidr_block": "",
            "ipv6_cidr_block_association_id": "",
            "map_customer_owned_ip_on_launch": false,
            "map_public_ip_on_launch": false,
            "outpost_arn": "",
            "owner_id": "115553109071",
            "tags": null,
            "tags_all": {},
            "timeouts": null,
            "vpc_id": "vpc-0dcbf0bf99c7b2907"
          },
          "sensitive_attributes": [],
          "private": "eyJlMmJmYjczMC1lY2FhLTExZTYtOGY4OC0zNDM2M2JjN2M0YzAiOnsiY3JlYXRlIjo2MDAwMDAwMDAwMDAsImRlbGV0ZSI6MTIwMDAwMDAwMDAwMH0sInNjaGVtYV92ZXJzaW9uIjoiMSJ9",
          "dependencies": [
            "aws_vpc.nondefault"
          ]
        }
      ]
    },
    {
      "mode": "managed",
      "type": "aws_subnet",
      "name": "nondefault_2",
      "provider": "provider[\"registry.terraform.io/hashicorp/aws\"]",
      "instances": [
        {
          "schema_version": 1,
          "attributes": {
            "arn": "arn:aws:ec2:us-east-1:115553109071:subnet/subnet-0af5dd0c44d5a3d7e",
            "assign_ipv6_address_on_creation": false,
            "availability_zone": "us-east-1b",
            "availability_zone_id": "use1-az2",
            "cidr_block": "10.1.1.0/25",
            "customer_owned_ipv4_pool": "",
            "id": "subnet-0af5dd0c44d5a3d7e",
            "ipv6_cidr_block": "",
            "ipv6_cidr_block_association_id": "",
            "map_customer_owned_ip_on_launch": false,
            "map_public_ip_on_launch": false,
            "outpost_arn": "",
            "owner_id": "115553109071",
            "tags": null,
            "tags_all": {},
            "timeouts": null,
            "vpc_id": "vpc-0dcbf0bf99c7b2907"
          },
          "sensitive_attributes": [],
          "private": "eyJlMmJmYjczMC1lY2FhLTExZTYtOGY4OC0zNDM2M2JjN2M0YzAiOnsiY3JlYXRlIjo2MDAwMDAwMDAwMDAsImRlbGV0ZSI6MTIwMDAwMDAwMDAwMH0sInNjaGVtYV92ZXJzaW9uIjoiMSJ9",
          "dependencies": [
            "aws_vpc.nondefault"
          ]
        }
      ]
    },
    {
      "mode": "managed",
      "type": "aws_vpc",
      "name": "nondefault",
      "provider": "provider[\"registry.terraform.io/hashicorp/aws\"]",
      "instances": [
        {
          "schema_version": 1,
          "attributes": {
            "arn": "arn:aws:ec2:us-east-1:115553109071:vpc/vpc-0dcbf0bf99c7b2907",
            "assign_generated_ipv6_cidr_block": false,
            "cidr_block": "10.1.1.0/24",
            "default_network_acl_id": "acl-0acb8d6b9f4d7d881",
            "default_route_table_id": "rtb-053719acff73d4c1a",
            "default_security_group_id": "sg-0b22596a76c03309c",
            "dhcp_options_id": "dopt-3045214a",
            "enable_classiclink": false,
            "enable_classiclink_dns_support": false,
            "enable_dns_hostnames": false,
            "enable_dns_support": true,
            "id": "vpc-0dcbf0bf99c7b2907",
            "instance_tenancy": "default",
            "ipv6_association_id": "",
            "ipv6_cidr_block": "",
            "main_route_table_id": "rtb-053719acff73d4c1a",
            "owner_id": "115553109071",
            "tags": null,
            "tags_all": {}
          },
          "sensitive_attributes": [],
          "private": "eyJzY2hlbWFfdmVyc2lvbiI6IjEifQ=="
        }
      ]
    }
  ]
}
