{"format_version":"0.1","terraform_version":"0.12.29","planned_values":{"root_module":{"child_modules":[{"resources":[{"address":"module.test_module.aws_cloudwatch_log_group.cloudrail-test","mode":"managed","type":"aws_cloudwatch_log_group","name":"cloudrail-test","provider_name":"aws","schema_version":0,"values":{"kms_key_id":null,"name_prefix":null,"retention_in_days":1,"tags":null}}],"address":"module.test_module"}]}},"resource_changes":[{"address":"module.test_module.aws_cloudwatch_log_group.cloudrail-test","module_address":"module.test_module","mode":"managed","type":"aws_cloudwatch_log_group","name":"cloudrail-test","provider_name":"aws","change":{"actions":["create"],"before":null,"after":{"kms_key_id":null,"name_prefix":null,"retention_in_days":1,"tags":null},"after_unknown":{"arn":true,"id":true,"name":true}}}],"configuration":{"provider_config":{"aws":{"name":"aws","version_constraint":"3.23.0","expressions":{"region":{"constant_value":"us-east-1"}}},"test_module:aws":{"name":"aws","module_address":"test_module","expressions":{"region":{"constant_value":"us-east-1"}}}},"root_module":{"module_calls":{"test_module":{"source":"./cloud_watch_logs/non_encrypted","module":{"resources":[{"address":"aws_cloudwatch_log_group.cloudrail-test","mode":"managed","type":"aws_cloudwatch_log_group","name":"cloudrail-test","provider_config_key":"test_module:aws","expressions":{"retention_in_days":{"constant_value":1}},"schema_version":0,"raw_data":{"FileName":"cloud_watch_logs/non_encrypted/main.tf","StartLine":5,"EndLine":7}}]},"raw_data":{"FileName":"main.tf","StartLine":7,"EndLine":9}}}}}}
