{"format_version":"0.1","terraform_version":"0.13.4","planned_values":{"root_module":{"resources":[{"address":"aws_elasticsearch_domain.es-secure-policy","mode":"managed","type":"aws_elasticsearch_domain","name":"es-secure-policy","provider_name":"registry.terraform.io/hashicorp/aws","schema_version":0,"values":{"access_policies":"{\n    \"Version\": \"2012-10-17\",\n    \"Statement\": [\n        {\n            \"Action\": \"es:ESHttpGet\",\n            \"Principal\": \"*\",\n            \"Effect\": \"Allow\",\n            \"Condition\": {\n                \"IpAddress\": {\"aws:SourceIp\": \"127.0.0.1/32\"}\n            }\n        }\n    ]\n}\n","advanced_security_options":[],"cluster_config":[],"cognito_options":[],"domain_endpoint_options":[],"domain_name":"es-secure-policy","ebs_options":[{"ebs_enabled":true,"iops":null,"volume_size":10,"volume_type":"gp2"}],"elasticsearch_version":"1.5","encrypt_at_rest":[],"log_publishing_options":[],"node_to_node_encryption":[],"snapshot_options":[],"tags":null,"timeouts":null,"vpc_options":[]}}]}},"resource_changes":[{"address":"aws_elasticsearch_domain.es-secure-policy","mode":"managed","type":"aws_elasticsearch_domain","name":"es-secure-policy","provider_name":"registry.terraform.io/hashicorp/aws","change":{"actions":["create"],"before":null,"after":{"access_policies":"{\n    \"Version\": \"2012-10-17\",\n    \"Statement\": [\n        {\n            \"Action\": \"es:ESHttpGet\",\n            \"Principal\": \"*\",\n            \"Effect\": \"Allow\",\n            \"Condition\": {\n                \"IpAddress\": {\"aws:SourceIp\": \"127.0.0.1/32\"}\n            }\n        }\n    ]\n}\n","advanced_security_options":[],"cluster_config":[],"cognito_options":[],"domain_endpoint_options":[],"domain_name":"es-secure-policy","ebs_options":[{"ebs_enabled":true,"iops":null,"volume_size":10,"volume_type":"gp2"}],"elasticsearch_version":"1.5","encrypt_at_rest":[],"log_publishing_options":[],"node_to_node_encryption":[],"snapshot_options":[],"tags":null,"timeouts":null,"vpc_options":[]},"after_unknown":{"advanced_options":true,"advanced_security_options":[],"arn":true,"cluster_config":[],"cognito_options":[],"domain_endpoint_options":[],"domain_id":true,"ebs_options":[{}],"encrypt_at_rest":[],"endpoint":true,"id":true,"kibana_endpoint":true,"log_publishing_options":[],"node_to_node_encryption":[],"snapshot_options":[],"tags_all":true,"vpc_options":[]}}}],"configuration":{"provider_config":{"aws":{"name":"aws","expressions":{"region":{"constant_value":"us-east-1"}}}},"root_module":{"resources":[{"address":"aws_elasticsearch_domain.es-secure-policy","mode":"managed","type":"aws_elasticsearch_domain","name":"es-secure-policy","provider_config_key":"aws","expressions":{"access_policies":{"constant_value":"{\n    \"Version\": \"2012-10-17\",\n    \"Statement\": [\n        {\n            \"Action\": \"es:ESHttpGet\",\n            \"Principal\": \"*\",\n            \"Effect\": \"Allow\",\n            \"Condition\": {\n                \"IpAddress\": {\"aws:SourceIp\": \"127.0.0.1/32\"}\n            }\n        }\n    ]\n}\n"},"domain_name":{"constant_value":"es-secure-policy"},"ebs_options":[{"ebs_enabled":{"constant_value":true},"volume_size":{"constant_value":10},"volume_type":{"constant_value":"gp2"}}]},"schema_version":0,"raw_data":{"FileName":"main.tf","StartLine":1,"EndLine":24}}]}}}
