{"format_version":"0.1","terraform_version":"0.14.6","planned_values":{"root_module":{"resources":[{"address":"azurerm_application_security_group.asg","mode":"managed","type":"azurerm_application_security_group","name":"asg","provider_name":"registry.terraform.io/hashicorp/azurerm","schema_version":0,"values":{"location":"westeurope","name":"cr24600asg","resource_group_name":"cr24600-RG","tags":null,"timeouts":null}},{"address":"azurerm_network_interface.nic","mode":"managed","type":"azurerm_network_interface","name":"nic","provider_name":"registry.terraform.io/hashicorp/azurerm","schema_version":0,"values":{"enable_accelerated_networking":false,"enable_ip_forwarding":false,"ip_configuration":[{"name":"ipconfig001","private_ip_address_allocation":"dynamic","private_ip_address_version":"IPv4","public_ip_address_id":"azurerm_public_ip.pip.id","subnet_id":"azurerm_subnet.snet.id"}],"location":"westeurope","name":"cr24600-nic","resource_group_name":"cr24600-RG","tags":null,"timeouts":null}},{"address":"azurerm_network_interface_application_security_group_association.associate","mode":"managed","type":"azurerm_network_interface_application_security_group_association","name":"associate","provider_name":"registry.terraform.io/hashicorp/azurerm","schema_version":1,"values":{"application_security_group_id":"azurerm_application_security_group.asg.id","network_interface_id":"azurerm_network_interface.nic.id","timeouts":null}},{"address":"azurerm_network_interface_security_group_association.associate","mode":"managed","type":"azurerm_network_interface_security_group_association","name":"associate","provider_name":"registry.terraform.io/hashicorp/azurerm","schema_version":0,"values":{"network_interface_id":"azurerm_network_interface.nic.id","network_security_group_id":"azurerm_network_security_group.nicnsg.id","timeouts":null}},{"address":"azurerm_network_security_group.nicnsg","mode":"managed","type":"azurerm_network_security_group","name":"nicnsg","provider_name":"registry.terraform.io/hashicorp/azurerm","schema_version":0,"values":{"location":"westeurope","name":"cr24600-nicnsg","resource_group_name":"cr24600-RG","tags":null,"timeouts":null}},{"address":"azurerm_network_security_group.snetnsg","mode":"managed","type":"azurerm_network_security_group","name":"snetnsg","provider_name":"registry.terraform.io/hashicorp/azurerm","schema_version":0,"values":{"location":"westeurope","name":"cr24600-snetnsg","resource_group_name":"cr24600-RG","tags":null,"timeouts":null}},{"address":"azurerm_network_security_rule.nicnsgrule","mode":"managed","type":"azurerm_network_security_rule","name":"nicnsgrule","provider_name":"registry.terraform.io/hashicorp/azurerm","schema_version":0,"values":{"access":"Allow","description":null,"destination_address_prefix":null,"destination_address_prefixes":null,"destination_application_security_group_ids":["azurerm_application_security_group.asg.id"],"destination_port_range":"*","destination_port_ranges":null,"direction":"Inbound","name":"cr24600-rule201","network_security_group_name":"cr24600-nicnsg","priority":201,"protocol":"Tcp","resource_group_name":"cr24600-RG","source_address_prefix":"*","source_address_prefixes":null,"source_application_security_group_ids":null,"source_port_range":"*","source_port_ranges":null,"timeouts":null}},{"address":"azurerm_network_security_rule.snetnsgrule","mode":"managed","type":"azurerm_network_security_rule","name":"snetnsgrule","provider_name":"registry.terraform.io/hashicorp/azurerm","schema_version":0,"values":{"access":"Allow","description":null,"destination_address_prefix":"*","destination_address_prefixes":null,"destination_application_security_group_ids":null,"destination_port_range":"*","destination_port_ranges":null,"direction":"Inbound","name":"cr24600-rule401","network_security_group_name":"cr24600-snetnsg","priority":401,"protocol":"Tcp","resource_group_name":"cr24600-RG","source_address_prefix":"*","source_address_prefixes":null,"source_application_security_group_ids":null,"source_port_range":"*","source_port_ranges":null,"timeouts":null}},{"address":"azurerm_public_ip.pip","mode":"managed","type":"azurerm_public_ip","name":"pip","provider_name":"registry.terraform.io/hashicorp/azurerm","schema_version":0,"values":{"allocation_method":"Dynamic","domain_name_label":null,"idle_timeout_in_minutes":4,"ip_tags":null,"ip_version":"IPv4","location":"westeurope","name":"cr24600-pip","public_ip_prefix_id":null,"resource_group_name":"cr24600-RG","reverse_fqdn":null,"sku":"Basic","tags":null,"timeouts":null}},{"address":"azurerm_resource_group.rg","mode":"managed","type":"azurerm_resource_group","name":"rg","provider_name":"registry.terraform.io/hashicorp/azurerm","schema_version":0,"values":{"location":"westeurope","name":"cr24600-RG","tags":null,"timeouts":null}},{"address":"azurerm_subnet.snet","mode":"managed","type":"azurerm_subnet","name":"snet","provider_name":"registry.terraform.io/hashicorp/azurerm","schema_version":0,"values":{"address_prefixes":["10.0.23.0/24"],"delegation":[],"enforce_private_link_endpoint_network_policies":false,"enforce_private_link_service_network_policies":false,"name":"cr24600-snet","resource_group_name":"cr24600-RG","service_endpoint_policy_ids":null,"service_endpoints":null,"timeouts":null,"virtual_network_name":"cr24600-vnet"}},{"address":"azurerm_subnet_network_security_group_association.associate","mode":"managed","type":"azurerm_subnet_network_security_group_association","name":"associate","provider_name":"registry.terraform.io/hashicorp/azurerm","schema_version":0,"values":{"network_security_group_id":"azurerm_network_security_group.snetnsg.id","subnet_id":"azurerm_subnet.snet.id","timeouts":null}},{"address":"azurerm_virtual_network.vnet","mode":"managed","type":"azurerm_virtual_network","name":"vnet","provider_name":"registry.terraform.io/hashicorp/azurerm","schema_version":0,"values":{"address_space":["10.0.0.0/16"],"bgp_community":null,"ddos_protection_plan":[],"location":"westeurope","name":"cr24600-vnet","resource_group_name":"cr24600-RG","tags":null,"timeouts":null,"vm_protection_enabled":false}},{"address":"azurerm_windows_virtual_machine.main","mode":"managed","type":"azurerm_windows_virtual_machine","name":"main","provider_name":"registry.terraform.io/hashicorp/azurerm","schema_version":0,"values":{"additional_capabilities":[],"additional_unattend_content":[],"admin_password":"P@$$w0rd1234!","admin_username":"adminuser","allow_extension_operations":true,"availability_set_id":null,"boot_diagnostics":[],"custom_data":null,"dedicated_host_id":null,"enable_automatic_updates":true,"encryption_at_host_enabled":null,"eviction_policy":null,"extensions_time_budget":"PT1H30M","identity":[],"license_type":null,"location":"westeurope","max_bid_price":-1,"name":"cr24600-vm","network_interface_ids":["azurerm_network_interface.nic.id"],"os_disk":[{"caching":"ReadWrite","diff_disk_settings":[],"disk_encryption_set_id":null,"storage_account_type":"Standard_LRS","write_accelerator_enabled":false}],"patch_mode":"AutomaticByOS","plan":[],"platform_fault_domain":-1,"priority":"Regular","provision_vm_agent":true,"proximity_placement_group_id":null,"resource_group_name":"cr24600-RG","secret":[],"size":"Standard_B2s","source_image_id":null,"source_image_reference":[{"offer":"WindowsServer","publisher":"MicrosoftWindowsServer","sku":"2019-Datacenter","version":"latest"}],"tags":null,"timeouts":null,"timezone":null,"virtual_machine_scale_set_id":null,"winrm_listener":[]}}]}},"resource_changes":[{"address":"azurerm_application_security_group.asg","mode":"managed","type":"azurerm_application_security_group","name":"asg","provider_name":"registry.terraform.io/hashicorp/azurerm","change":{"actions":["create"],"before":null,"after":{"location":"westeurope","name":"cr24600asg","resource_group_name":"cr24600-RG","tags":null,"timeouts":null},"after_unknown":{"id":true}}},{"address":"azurerm_network_interface.nic","mode":"managed","type":"azurerm_network_interface","name":"nic","provider_name":"registry.terraform.io/hashicorp/azurerm","change":{"actions":["create"],"before":null,"after":{"enable_accelerated_networking":false,"enable_ip_forwarding":false,"ip_configuration":[{"name":"ipconfig001","private_ip_address_allocation":"dynamic","private_ip_address_version":"IPv4","public_ip_address_id":"azurerm_public_ip.pip.id","subnet_id":"azurerm_subnet.snet.id"}],"location":"westeurope","name":"cr24600-nic","resource_group_name":"cr24600-RG","tags":null,"timeouts":null},"after_unknown":{"applied_dns_servers":true,"dns_servers":true,"id":true,"internal_dns_name_label":true,"internal_domain_name_suffix":true,"ip_configuration":[{"primary":true,"private_ip_address":true}],"mac_address":true,"private_ip_address":true,"private_ip_addresses":true,"virtual_machine_id":true}}},{"address":"azurerm_network_interface_application_security_group_association.associate","mode":"managed","type":"azurerm_network_interface_application_security_group_association","name":"associate","provider_name":"registry.terraform.io/hashicorp/azurerm","change":{"actions":["create"],"before":null,"after":{"application_security_group_id":"azurerm_application_security_group.asg.id","network_interface_id":"azurerm_network_interface.nic.id","timeouts":null},"after_unknown":{"id":true}}},{"address":"azurerm_network_interface_security_group_association.associate","mode":"managed","type":"azurerm_network_interface_security_group_association","name":"associate","provider_name":"registry.terraform.io/hashicorp/azurerm","change":{"actions":["create"],"before":null,"after":{"network_interface_id":"azurerm_network_interface.nic.id","network_security_group_id":"azurerm_network_security_group.nicnsg.id","timeouts":null},"after_unknown":{"id":true}}},{"address":"azurerm_network_security_group.nicnsg","mode":"managed","type":"azurerm_network_security_group","name":"nicnsg","provider_name":"registry.terraform.io/hashicorp/azurerm","change":{"actions":["create"],"before":null,"after":{"location":"westeurope","name":"cr24600-nicnsg","resource_group_name":"cr24600-RG","tags":null,"timeouts":null},"after_unknown":{"id":true,"security_rule":true}}},{"address":"azurerm_network_security_group.snetnsg","mode":"managed","type":"azurerm_network_security_group","name":"snetnsg","provider_name":"registry.terraform.io/hashicorp/azurerm","change":{"actions":["create"],"before":null,"after":{"location":"westeurope","name":"cr24600-snetnsg","resource_group_name":"cr24600-RG","tags":null,"timeouts":null},"after_unknown":{"id":true,"security_rule":true}}},{"address":"azurerm_network_security_rule.nicnsgrule","mode":"managed","type":"azurerm_network_security_rule","name":"nicnsgrule","provider_name":"registry.terraform.io/hashicorp/azurerm","change":{"actions":["create"],"before":null,"after":{"access":"Allow","description":null,"destination_address_prefix":null,"destination_address_prefixes":null,"destination_application_security_group_ids":["azurerm_application_security_group.asg.id"],"destination_port_range":"*","destination_port_ranges":null,"direction":"Inbound","name":"cr24600-rule201","network_security_group_name":"cr24600-nicnsg","priority":201,"protocol":"Tcp","resource_group_name":"cr24600-RG","source_address_prefix":"*","source_address_prefixes":null,"source_application_security_group_ids":null,"source_port_range":"*","source_port_ranges":null,"timeouts":null},"after_unknown":{"destination_application_security_group_ids":[false],"id":true}}},{"address":"azurerm_network_security_rule.snetnsgrule","mode":"managed","type":"azurerm_network_security_rule","name":"snetnsgrule","provider_name":"registry.terraform.io/hashicorp/azurerm","change":{"actions":["create"],"before":null,"after":{"access":"Allow","description":null,"destination_address_prefix":"*","destination_address_prefixes":null,"destination_application_security_group_ids":null,"destination_port_range":"*","destination_port_ranges":null,"direction":"Inbound","name":"cr24600-rule401","network_security_group_name":"cr24600-snetnsg","priority":401,"protocol":"Tcp","resource_group_name":"cr24600-RG","source_address_prefix":"*","source_address_prefixes":null,"source_application_security_group_ids":null,"source_port_range":"*","source_port_ranges":null,"timeouts":null},"after_unknown":{"id":true}}},{"address":"azurerm_public_ip.pip","mode":"managed","type":"azurerm_public_ip","name":"pip","provider_name":"registry.terraform.io/hashicorp/azurerm","change":{"actions":["create"],"before":null,"after":{"allocation_method":"Dynamic","domain_name_label":null,"idle_timeout_in_minutes":4,"ip_tags":null,"ip_version":"IPv4","location":"westeurope","name":"cr24600-pip","public_ip_prefix_id":null,"resource_group_name":"cr24600-RG","reverse_fqdn":null,"sku":"Basic","tags":null,"timeouts":null},"after_unknown":{"availability_zone":true,"fqdn":true,"id":true,"ip_address":true,"zones":true}}},{"address":"azurerm_resource_group.rg","mode":"managed","type":"azurerm_resource_group","name":"rg","provider_name":"registry.terraform.io/hashicorp/azurerm","change":{"actions":["create"],"before":null,"after":{"location":"westeurope","name":"cr24600-RG","tags":null,"timeouts":null},"after_unknown":{"id":true}}},{"address":"azurerm_subnet.snet","mode":"managed","type":"azurerm_subnet","name":"snet","provider_name":"registry.terraform.io/hashicorp/azurerm","change":{"actions":["create"],"before":null,"after":{"address_prefixes":["10.0.23.0/24"],"delegation":[],"enforce_private_link_endpoint_network_policies":false,"enforce_private_link_service_network_policies":false,"name":"cr24600-snet","resource_group_name":"cr24600-RG","service_endpoint_policy_ids":null,"service_endpoints":null,"timeouts":null,"virtual_network_name":"cr24600-vnet"},"after_unknown":{"address_prefix":true,"address_prefixes":[false],"delegation":[],"id":true}}},{"address":"azurerm_subnet_network_security_group_association.associate","mode":"managed","type":"azurerm_subnet_network_security_group_association","name":"associate","provider_name":"registry.terraform.io/hashicorp/azurerm","change":{"actions":["create"],"before":null,"after":{"network_security_group_id":"azurerm_network_security_group.snetnsg.id","subnet_id":"azurerm_subnet.snet.id","timeouts":null},"after_unknown":{"id":true}}},{"address":"azurerm_virtual_network.vnet","mode":"managed","type":"azurerm_virtual_network","name":"vnet","provider_name":"registry.terraform.io/hashicorp/azurerm","change":{"actions":["create"],"before":null,"after":{"address_space":["10.0.0.0/16"],"bgp_community":null,"ddos_protection_plan":[],"location":"westeurope","name":"cr24600-vnet","resource_group_name":"cr24600-RG","tags":null,"timeouts":null,"vm_protection_enabled":false},"after_unknown":{"address_space":[false],"ddos_protection_plan":[],"dns_servers":true,"guid":true,"id":true,"subnet":true}}},{"address":"azurerm_windows_virtual_machine.main","mode":"managed","type":"azurerm_windows_virtual_machine","name":"main","provider_name":"registry.terraform.io/hashicorp/azurerm","change":{"actions":["create"],"before":null,"after":{"additional_capabilities":[],"additional_unattend_content":[],"admin_password":"P@$$w0rd1234!","admin_username":"adminuser","allow_extension_operations":true,"availability_set_id":null,"boot_diagnostics":[],"custom_data":null,"dedicated_host_id":null,"enable_automatic_updates":true,"encryption_at_host_enabled":null,"eviction_policy":null,"extensions_time_budget":"PT1H30M","identity":[],"license_type":null,"location":"westeurope","max_bid_price":-1,"name":"cr24600-vm","network_interface_ids":["azurerm_network_interface.nic.id"],"os_disk":[{"caching":"ReadWrite","diff_disk_settings":[],"disk_encryption_set_id":null,"storage_account_type":"Standard_LRS","write_accelerator_enabled":false}],"patch_mode":"AutomaticByOS","plan":[],"platform_fault_domain":-1,"priority":"Regular","provision_vm_agent":true,"proximity_placement_group_id":null,"resource_group_name":"cr24600-RG","secret":[],"size":"Standard_B2s","source_image_id":null,"source_image_reference":[{"offer":"WindowsServer","publisher":"MicrosoftWindowsServer","sku":"2019-Datacenter","version":"latest"}],"tags":null,"timeouts":null,"timezone":null,"virtual_machine_scale_set_id":null,"winrm_listener":[]},"after_unknown":{"additional_capabilities":[],"additional_unattend_content":[],"boot_diagnostics":[],"computer_name":true,"id":true,"identity":[],"network_interface_ids":[false],"os_disk":[{"diff_disk_settings":[],"disk_size_gb":true,"name":true}],"plan":[],"private_ip_address":true,"private_ip_addresses":true,"public_ip_address":true,"public_ip_addresses":true,"secret":[],"source_image_reference":[{}],"virtual_machine_id":true,"winrm_listener":[],"zone":true}}}],"configuration":{"provider_config":{"azurerm":{"name":"azurerm","expressions":{"features":[{}],"subscription_id":{"constant_value":"230613d8-3b34-4790-b650-36f31045f19a"}}}},"root_module":{"resources":[{"address":"azurerm_application_security_group.asg","mode":"managed","type":"azurerm_application_security_group","name":"asg","provider_config_key":"azurerm","expressions":{"location":{"references":["azurerm_resource_group.rg"]},"name":{"references":["local.resource_prefix"]},"resource_group_name":{"references":["azurerm_resource_group.rg"]}},"schema_version":0,"raw_data":{"FileName":"main.tf","StartLine":64,"EndLine":68}},{"address":"azurerm_network_interface.nic","mode":"managed","type":"azurerm_network_interface","name":"nic","provider_config_key":"azurerm","expressions":{"ip_configuration":[{"name":{"constant_value":"ipconfig001"},"private_ip_address_allocation":{"constant_value":"Dynamic"},"public_ip_address_id":{"references":["azurerm_public_ip.pip"]},"subnet_id":{"references":["azurerm_subnet.snet"]}}],"location":{"references":["azurerm_resource_group.rg"]},"name":{"references":["local.resource_prefix"]},"resource_group_name":{"references":["azurerm_resource_group.rg"]}},"schema_version":0,"raw_data":{"FileName":"main.tf","StartLine":70,"EndLine":81}},{"address":"azurerm_network_interface_application_security_group_association.associate","mode":"managed","type":"azurerm_network_interface_application_security_group_association","name":"associate","provider_config_key":"azurerm","expressions":{"application_security_group_id":{"references":["azurerm_application_security_group.asg"]},"network_interface_id":{"references":["azurerm_network_interface.nic"]}},"schema_version":1,"depends_on":["azurerm_network_interface.nic"],"raw_data":{"FileName":"main.tf","StartLine":85,"EndLine":90}},{"address":"azurerm_network_interface_security_group_association.associate","mode":"managed","type":"azurerm_network_interface_security_group_association","name":"associate","provider_config_key":"azurerm","expressions":{"network_interface_id":{"references":["azurerm_network_interface.nic"]},"network_security_group_id":{"references":["azurerm_network_security_group.nicnsg"]}},"schema_version":0,"raw_data":{"FileName":"main.tf","StartLine":112,"EndLine":115}},{"address":"azurerm_network_security_group.nicnsg","mode":"managed","type":"azurerm_network_security_group","name":"nicnsg","provider_config_key":"azurerm","expressions":{"location":{"references":["azurerm_resource_group.rg"]},"name":{"references":["local.resource_prefix"]},"resource_group_name":{"references":["azurerm_resource_group.rg"]}},"schema_version":0,"raw_data":{"FileName":"main.tf","StartLine":92,"EndLine":96}},{"address":"azurerm_network_security_group.snetnsg","mode":"managed","type":"azurerm_network_security_group","name":"snetnsg","provider_config_key":"azurerm","expressions":{"location":{"references":["azurerm_resource_group.rg"]},"name":{"references":["local.resource_prefix"]},"resource_group_name":{"references":["azurerm_resource_group.rg"]}},"schema_version":0,"raw_data":{"FileName":"main.tf","StartLine":32,"EndLine":36}},{"address":"azurerm_network_security_rule.nicnsgrule","mode":"managed","type":"azurerm_network_security_rule","name":"nicnsgrule","provider_config_key":"azurerm","expressions":{"access":{"constant_value":"Allow"},"destination_application_security_group_ids":{"references":["azurerm_application_security_group.asg"]},"destination_port_range":{"constant_value":"*"},"direction":{"constant_value":"Inbound"},"name":{"references":["local.resource_prefix"]},"network_security_group_name":{"references":["azurerm_network_security_group.nicnsg"]},"priority":{"constant_value":201},"protocol":{"constant_value":"Tcp"},"resource_group_name":{"references":["azurerm_resource_group.rg"]},"source_address_prefix":{"constant_value":"*"},"source_port_range":{"constant_value":"*"}},"schema_version":0,"raw_data":{"FileName":"main.tf","StartLine":98,"EndLine":110}},{"address":"azurerm_network_security_rule.snetnsgrule","mode":"managed","type":"azurerm_network_security_rule","name":"snetnsgrule","provider_config_key":"azurerm","expressions":{"access":{"constant_value":"Allow"},"destination_address_prefix":{"constant_value":"*"},"destination_port_range":{"constant_value":"*"},"direction":{"constant_value":"Inbound"},"name":{"references":["local.resource_prefix"]},"network_security_group_name":{"references":["azurerm_network_security_group.snetnsg"]},"priority":{"constant_value":401},"protocol":{"constant_value":"Tcp"},"resource_group_name":{"references":["azurerm_resource_group.rg"]},"source_address_prefix":{"constant_value":"*"},"source_port_range":{"constant_value":"*"}},"schema_version":0,"raw_data":{"FileName":"main.tf","StartLine":38,"EndLine":50}},{"address":"azurerm_public_ip.pip","mode":"managed","type":"azurerm_public_ip","name":"pip","provider_config_key":"azurerm","expressions":{"allocation_method":{"constant_value":"Dynamic"},"location":{"references":["azurerm_resource_group.rg"]},"name":{"references":["local.resource_prefix"]},"resource_group_name":{"references":["azurerm_resource_group.rg"]}},"schema_version":0,"raw_data":{"FileName":"main.tf","StartLine":57,"EndLine":62}},{"address":"azurerm_resource_group.rg","mode":"managed","type":"azurerm_resource_group","name":"rg","provider_config_key":"azurerm","expressions":{"location":{"constant_value":"West Europe"},"name":{"references":["local.resource_prefix"]}},"schema_version":0,"raw_data":{"FileName":"main.tf","StartLine":13,"EndLine":16}},{"address":"azurerm_subnet.snet","mode":"managed","type":"azurerm_subnet","name":"snet","provider_config_key":"azurerm","expressions":{"address_prefixes":{"constant_value":["10.0.23.0/24"]},"name":{"references":["local.resource_prefix"]},"resource_group_name":{"references":["azurerm_resource_group.rg"]},"virtual_network_name":{"references":["azurerm_virtual_network.vnet"]}},"schema_version":0,"raw_data":{"FileName":"main.tf","StartLine":25,"EndLine":30}},{"address":"azurerm_subnet_network_security_group_association.associate","mode":"managed","type":"azurerm_subnet_network_security_group_association","name":"associate","provider_config_key":"azurerm","expressions":{"network_security_group_id":{"references":["azurerm_network_security_group.snetnsg"]},"subnet_id":{"references":["azurerm_subnet.snet"]}},"schema_version":0,"raw_data":{"FileName":"main.tf","StartLine":52,"EndLine":55}},{"address":"azurerm_virtual_network.vnet","mode":"managed","type":"azurerm_virtual_network","name":"vnet","provider_config_key":"azurerm","expressions":{"address_space":{"constant_value":["10.0.0.0/16"]},"location":{"references":["azurerm_resource_group.rg"]},"name":{"references":["local.resource_prefix"]},"resource_group_name":{"references":["azurerm_resource_group.rg"]}},"schema_version":0,"raw_data":{"FileName":"main.tf","StartLine":18,"EndLine":23}},{"address":"azurerm_windows_virtual_machine.main","mode":"managed","type":"azurerm_windows_virtual_machine","name":"main","provider_config_key":"azurerm","expressions":{"admin_password":{"constant_value":"P@$$w0rd1234!"},"admin_username":{"constant_value":"adminuser"},"location":{"references":["azurerm_resource_group.rg"]},"name":{"references":["local.resource_prefix"]},"network_interface_ids":{"references":["azurerm_network_interface.nic"]},"os_disk":[{"caching":{"constant_value":"ReadWrite"},"storage_account_type":{"constant_value":"Standard_LRS"}}],"resource_group_name":{"references":["azurerm_resource_group.rg"]},"size":{"constant_value":"Standard_B2s"},"source_image_reference":[{"offer":{"constant_value":"WindowsServer"},"publisher":{"constant_value":"MicrosoftWindowsServer"},"sku":{"constant_value":"2019-Datacenter"},"version":{"constant_value":"latest"}}]},"schema_version":0,"raw_data":{"FileName":"main.tf","StartLine":117,"EndLine":138}}]}}}
