{"format_version":"0.1","terraform_version":"0.12.29","planned_values":{"root_module":{"resources":[{"address":"aws_iam_group.developers","mode":"managed","type":"aws_iam_group","name":"developers","provider_name":"aws","schema_version":0,"values":{"name":"developers","path":"/"}},{"address":"aws_iam_group_policy.developers-group-policy","mode":"managed","type":"aws_iam_group_policy","name":"developers-group-policy","provider_name":"aws","schema_version":0,"values":{"group":"developers","name":"developers-group-policy","name_prefix":null,"policy":"{\n  \"Version\": \"2012-10-17\",\n  \"Statement\": [\n    {\n      \"Action\": [\n        \"ec2:Describe*\"\n      ],\n      \"Effect\": \"Allow\",\n      \"Resource\": \"*\"\n    }\n  ]\n}\n"}}]}},"resource_changes":[{"address":"aws_iam_group.developers","mode":"managed","type":"aws_iam_group","name":"developers","provider_name":"aws","change":{"actions":["create"],"before":null,"after":{"name":"developers","path":"/"},"after_unknown":{"arn":true,"id":true,"unique_id":true}}},{"address":"aws_iam_group_policy.developers-group-policy","mode":"managed","type":"aws_iam_group_policy","name":"developers-group-policy","provider_name":"aws","change":{"actions":["create"],"before":null,"after":{"group":"developers","name":"developers-group-policy","name_prefix":null,"policy":"{\n  \"Version\": \"2012-10-17\",\n  \"Statement\": [\n    {\n      \"Action\": [\n        \"ec2:Describe*\"\n      ],\n      \"Effect\": \"Allow\",\n      \"Resource\": \"*\"\n    }\n  ]\n}\n"},"after_unknown":{"id":true}}}],"configuration":{"provider_config":{"aws":{"name":"aws","expressions":{"region":{"constant_value":"us-east-1"}}}},"root_module":{"resources":[{"address":"aws_iam_group.developers","mode":"managed","type":"aws_iam_group","name":"developers","provider_config_key":"aws","expressions":{"name":{"constant_value":"developers"}},"schema_version":0,"raw_data":{"FileName":"main.tf","StartLine":5,"EndLine":7}},{"address":"aws_iam_group_policy.developers-group-policy","mode":"managed","type":"aws_iam_group_policy","name":"developers-group-policy","provider_config_key":"aws","expressions":{"group":{"references":["aws_iam_group.developers"]},"name":{"constant_value":"developers-group-policy"},"policy":{"constant_value":"{\n  \"Version\": \"2012-10-17\",\n  \"Statement\": [\n    {\n      \"Action\": [\n        \"ec2:Describe*\"\n      ],\n      \"Effect\": \"Allow\",\n      \"Resource\": \"*\"\n    }\n  ]\n}\n"}},"schema_version":0,"raw_data":{"FileName":"main.tf","StartLine":9,"EndLine":27}}]}}}
