{"format_version":"0.1","terraform_version":"0.12.29","planned_values":{"root_module":{"resources":[{"address":"aws_elasticsearch_domain.test","mode":"managed","type":"aws_elasticsearch_domain","name":"test","provider_name":"aws","schema_version":0,"values":{"access_policies":null,"advanced_options":null,"advanced_security_options":[],"arn":null,"cluster_config":[],"cognito_options":[],"domain_endpoint_options":[],"domain_id":null,"domain_name":"test","ebs_options":[{"ebs_enabled":true,"iops":null,"volume_size":10,"volume_type":"gp2"}],"elasticsearch_version":null,"encrypt_at_rest":[],"endpoint":null,"id":null,"kibana_endpoint":null,"log_publishing_options":[],"node_to_node_encryption":[],"snapshot_options":[],"tags":null,"timeouts":null,"vpc_options":[]}},{"address":"aws_iam_service_linked_role.es","mode":"managed","type":"aws_iam_service_linked_role","name":"es","provider_name":"aws","schema_version":0,"values":{"aws_service_name":"es.amazonaws.com","custom_suffix":null,"description":"Allows Amazon ES to manage AWS resources for a domain on your behalf."}}]}},"resource_changes":[{"address":"aws_elasticsearch_domain.test","mode":"managed","type":"aws_elasticsearch_domain","name":"test","provider_name":"aws","change":{"actions":["create"],"before":null,"after":{"access_policies":null,"advanced_options":null,"advanced_security_options":[],"arn":null,"cluster_config":[],"cognito_options":[],"domain_endpoint_options":[],"domain_id":null,"domain_name":"test","ebs_options":[{"ebs_enabled":true,"iops":null,"volume_size":10,"volume_type":"gp2"}],"elasticsearch_version":null,"encrypt_at_rest":[],"endpoint":null,"id":null,"kibana_endpoint":null,"log_publishing_options":[],"node_to_node_encryption":[],"snapshot_options":[],"tags":null,"timeouts":null,"vpc_options":[]},"after_unknown":{}}},{"address":"aws_iam_service_linked_role.es","mode":"managed","type":"aws_iam_service_linked_role","name":"es","provider_name":"aws","change":{"actions":["create"],"before":null,"after":{"aws_service_name":"es.amazonaws.com","custom_suffix":null,"description":"Allows Amazon ES to manage AWS resources for a domain on your behalf."},"after_unknown":{"arn":true,"create_date":true,"id":true,"name":true,"path":true,"unique_id":true}}}],"configuration":{"provider_config":{"aws":{"name":"aws","expressions":{"region":{"constant_value":"eu-central-1"}}}},"root_module":{"resources":[{"address":"aws_elasticsearch_domain.test","mode":"managed","type":"aws_elasticsearch_domain","name":"test","provider_config_key":"aws","expressions":{"domain_name":{"constant_value":"test"},"ebs_options":[{"ebs_enabled":{"constant_value":true},"volume_size":{"constant_value":10},"volume_type":{"constant_value":"gp2"}}]},"schema_version":0,"raw_data":{"FileName":"main.tf","StartLine":10,"EndLine":18}},{"address":"aws_iam_service_linked_role.es","mode":"managed","type":"aws_iam_service_linked_role","name":"es","provider_config_key":"aws","expressions":{"aws_service_name":{"constant_value":"es.amazonaws.com"},"description":{"constant_value":"Allows Amazon ES to manage AWS resources for a domain on your behalf."}},"schema_version":0,"raw_data":{"FileName":"main.tf","StartLine":5,"EndLine":8}}]}}}
