{"format_version":"0.1","terraform_version":"0.12.29","planned_values":{"root_module":{"resources":[{"address":"aws_mq_broker.example","mode":"managed","type":"aws_mq_broker","name":"example","provider_name":"aws","schema_version":0,"values":{"apply_immediately":false,"auto_minor_version_upgrade":false,"broker_name":"example","deployment_mode":"ACTIVE_STANDBY_MULTI_AZ","encryption_options":[],"engine_type":"ActiveMQ","engine_version":"5.15.9","host_instance_type":"mq.m5.large","logs":[],"publicly_accessible":false,"security_groups":["sg-37970008"],"tags":null,"user":[{"console_access":false,"groups":[],"password":"MindTheGap-MindTheGap","username":"ExampleUser"}]}}]}},"resource_changes":[{"address":"aws_mq_broker.example","mode":"managed","type":"aws_mq_broker","name":"example","provider_name":"aws","change":{"actions":["create"],"before":null,"after":{"apply_immediately":false,"auto_minor_version_upgrade":false,"broker_name":"example","deployment_mode":"ACTIVE_STANDBY_MULTI_AZ","encryption_options":[],"engine_type":"ActiveMQ","engine_version":"5.15.9","host_instance_type":"mq.m5.large","logs":[],"publicly_accessible":false,"security_groups":["sg-37970008"],"tags":null,"user":[{"console_access":false,"groups":[],"password":"MindTheGap-MindTheGap","username":"ExampleUser"}]},"after_unknown":{"arn":true,"configuration":true,"encryption_options":[],"id":true,"instances":true,"logs":[],"maintenance_window_start_time":true,"security_groups":[false],"subnet_ids":true,"user":[{"groups":[]}]}}}],"prior_state":{"format_version":"0.1","terraform_version":"0.12.29","values":{"root_module":{"resources":[{"address":"data.aws_security_group.selected","mode":"data","type":"aws_security_group","name":"selected","provider_name":"aws","schema_version":0,"values":{"arn":"arn:aws:ec2:us-east-1:115553109071:security-group/sg-37970008","description":"default VPC security group","filter":[{"name":"group-name","values":["default"]}],"id":"sg-37970008","name":"default","tags":{},"vpc_id":"vpc-bd9b60c0"}},{"address":"data.aws_vpc.default","mode":"data","type":"aws_vpc","name":"default","provider_name":"aws","schema_version":0,"values":{"arn":"arn:aws:ec2:us-east-1:115553109071:vpc/vpc-bd9b60c0","cidr_block":"172.31.0.0/16","cidr_block_associations":[{"association_id":"vpc-cidr-assoc-03dd096c","cidr_block":"172.31.0.0/16","state":"associated"}],"default":true,"dhcp_options_id":"dopt-3045214a","enable_dns_hostnames":true,"enable_dns_support":true,"filter":null,"id":"vpc-bd9b60c0","instance_tenancy":"default","ipv6_association_id":null,"ipv6_cidr_block":null,"main_route_table_id":"rtb-e24c0a9c","owner_id":"115553109071","state":"available","tags":{}}}]}}},"configuration":{"provider_config":{"aws":{"name":"aws","version_constraint":"2.70.0","expressions":{"region":{"constant_value":"us-east-1"}}}},"root_module":{"resources":[{"address":"aws_mq_broker.example","mode":"managed","type":"aws_mq_broker","name":"example","provider_config_key":"aws","expressions":{"broker_name":{"constant_value":"example"},"deployment_mode":{"constant_value":"ACTIVE_STANDBY_MULTI_AZ"},"engine_type":{"constant_value":"ActiveMQ"},"engine_version":{"constant_value":"5.15.9"},"host_instance_type":{"constant_value":"mq.m5.large"},"security_groups":{"references":["data.aws_security_group.selected"]},"user":[{"password":{"constant_value":"MindTheGap-MindTheGap"},"username":{"constant_value":"ExampleUser"}}]},"schema_version":0,"raw_data":{"FileName":"main.tf","StartLine":15,"EndLine":27}},{"address":"data.aws_security_group.selected","mode":"data","type":"aws_security_group","name":"selected","provider_config_key":"aws","expressions":{"filter":[{"name":{"constant_value":"group-name"},"values":{"constant_value":["default"]}}],"vpc_id":{"references":["data.aws_vpc.default"]}},"schema_version":0,"raw_data":{"FileName":"main.tf","StartLine":1,"EndLine":8}},{"address":"data.aws_vpc.default","mode":"data","type":"aws_vpc","name":"default","provider_config_key":"aws","expressions":{"default":{"constant_value":true}},"schema_version":0,"raw_data":{"FileName":"main.tf","StartLine":10,"EndLine":12}}]}}}
