{"format_version":"0.1","terraform_version":"0.13.4","planned_values":{"root_module":{"resources":[{"address":"aws_autoscaling_group.test-autoscaling-group","mode":"managed","type":"aws_autoscaling_group","name":"test-autoscaling-group","provider_name":"registry.terraform.io/hashicorp/aws","schema_version":0,"values":{"availability_zones":["us-east-1a"],"capacity_rebalance":null,"enabled_metrics":null,"force_delete":false,"force_delete_warm_pool":false,"health_check_grace_period":300,"initial_lifecycle_hook":[],"instance_refresh":[],"launch_configuration":"aws_launch_configuration.test-asg-launch-conf.name","launch_template":[],"load_balancers":null,"max_instance_lifetime":null,"max_size":5,"metrics_granularity":"1Minute","min_elb_capacity":null,"min_size":2,"mixed_instances_policy":[],"name":"test-autoscaling-group","placement_group":null,"protect_from_scale_in":false,"suspended_processes":null,"tag":[],"tags":null,"target_group_arns":null,"termination_policies":null,"timeouts":null,"wait_for_capacity_timeout":"10m","wait_for_elb_capacity":null,"warm_pool":[]}},{"address":"aws_launch_configuration.test-asg-launch-conf","mode":"managed","type":"aws_launch_configuration","name":"test-asg-launch-conf","provider_name":"registry.terraform.io/hashicorp/aws","schema_version":0,"values":{"associate_public_ip_address":true,"ebs_block_device":[],"enable_monitoring":true,"ephemeral_block_device":[],"iam_instance_profile":null,"image_id":"ami-000b3a073fc20e415","instance_type":"m4.large","metadata_options":[],"placement_tenancy":null,"root_block_device":[],"security_groups":null,"spot_price":"0.0358","user_data":null,"user_data_base64":null,"vpc_classic_link_id":null,"vpc_classic_link_security_groups":null}},{"address":"aws_security_group.allow-http","mode":"managed","type":"aws_security_group","name":"allow-http","provider_name":"registry.terraform.io/hashicorp/aws","schema_version":1,"values":{"description":"allow http","egress":[{"cidr_blocks":["0.0.0.0/0"],"description":null,"from_port":0,"ipv6_cidr_blocks":null,"prefix_list_ids":null,"protocol":"-1","security_groups":null,"self":null,"to_port":0}],"ingress":[{"cidr_blocks":["0.0.0.0/0"],"description":null,"from_port":80,"ipv6_cidr_blocks":null,"prefix_list_ids":null,"protocol":"TCP","security_groups":null,"self":null,"to_port":80}],"revoke_rules_on_delete":false,"tags":null,"timeouts":null}},{"address":"aws_subnet.private-subnet-1","mode":"managed","type":"aws_subnet","name":"private-subnet-1","provider_name":"registry.terraform.io/hashicorp/aws","schema_version":1,"values":{"assign_ipv6_address_on_creation":false,"availability_zone":"us-east-1a","cidr_block":"172.16.100.0/24","customer_owned_ipv4_pool":null,"ipv6_cidr_block":null,"map_customer_owned_ip_on_launch":null,"map_public_ip_on_launch":false,"outpost_arn":null,"tags":{"Name":"private-subnet-1"},"tags_all":{"Name":"private-subnet-1"},"timeouts":null,"vpc_id":"aws_vpc.main.id"}},{"address":"aws_vpc.main","mode":"managed","type":"aws_vpc","name":"main","provider_name":"registry.terraform.io/hashicorp/aws","schema_version":1,"values":{"assign_generated_ipv6_cidr_block":false,"cidr_block":"172.16.0.0/16","enable_dns_support":true,"instance_tenancy":"default","tags":null}}]}},"resource_changes":[{"address":"aws_autoscaling_group.test-autoscaling-group","mode":"managed","type":"aws_autoscaling_group","name":"test-autoscaling-group","provider_name":"registry.terraform.io/hashicorp/aws","change":{"actions":["create"],"before":null,"after":{"availability_zones":["us-east-1a"],"capacity_rebalance":null,"enabled_metrics":null,"force_delete":false,"force_delete_warm_pool":false,"health_check_grace_period":300,"initial_lifecycle_hook":[],"instance_refresh":[],"launch_configuration":"aws_launch_configuration.test-asg-launch-conf.name","launch_template":[],"load_balancers":null,"max_instance_lifetime":null,"max_size":5,"metrics_granularity":"1Minute","min_elb_capacity":null,"min_size":2,"mixed_instances_policy":[],"name":"test-autoscaling-group","placement_group":null,"protect_from_scale_in":false,"suspended_processes":null,"tag":[],"tags":null,"target_group_arns":null,"termination_policies":null,"timeouts":null,"wait_for_capacity_timeout":"10m","wait_for_elb_capacity":null,"warm_pool":[]},"after_unknown":{"arn":true,"availability_zones":[false],"default_cooldown":true,"desired_capacity":true,"health_check_type":true,"id":true,"initial_lifecycle_hook":[],"instance_refresh":[],"launch_template":[],"mixed_instances_policy":[],"name_prefix":true,"service_linked_role_arn":true,"tag":[],"vpc_zone_identifier":true,"warm_pool":[]}}},{"address":"aws_launch_configuration.test-asg-launch-conf","mode":"managed","type":"aws_launch_configuration","name":"test-asg-launch-conf","provider_name":"registry.terraform.io/hashicorp/aws","change":{"actions":["create"],"before":null,"after":{"associate_public_ip_address":true,"ebs_block_device":[],"enable_monitoring":true,"ephemeral_block_device":[],"iam_instance_profile":null,"image_id":"ami-000b3a073fc20e415","instance_type":"m4.large","metadata_options":[],"placement_tenancy":null,"root_block_device":[],"security_groups":null,"spot_price":"0.0358","user_data":null,"user_data_base64":null,"vpc_classic_link_id":null,"vpc_classic_link_security_groups":null},"after_unknown":{"arn":true,"ebs_block_device":[],"ebs_optimized":true,"ephemeral_block_device":[],"id":true,"key_name":true,"metadata_options":[],"name":true,"name_prefix":true,"root_block_device":[]}}},{"address":"aws_security_group.allow-http","mode":"managed","type":"aws_security_group","name":"allow-http","provider_name":"registry.terraform.io/hashicorp/aws","change":{"actions":["create"],"before":null,"after":{"description":"allow http","egress":[{"cidr_blocks":["0.0.0.0/0"],"description":null,"from_port":0,"ipv6_cidr_blocks":null,"prefix_list_ids":null,"protocol":"-1","security_groups":null,"self":null,"to_port":0}],"ingress":[{"cidr_blocks":["0.0.0.0/0"],"description":null,"from_port":80,"ipv6_cidr_blocks":null,"prefix_list_ids":null,"protocol":"TCP","security_groups":null,"self":null,"to_port":80}],"revoke_rules_on_delete":false,"tags":null,"timeouts":null},"after_unknown":{"arn":true,"egress":[{"cidr_blocks":[false]}],"id":true,"ingress":[{"cidr_blocks":[false]}],"name":true,"name_prefix":true,"owner_id":true,"tags_all":true,"vpc_id":true}}},{"address":"aws_subnet.private-subnet-1","mode":"managed","type":"aws_subnet","name":"private-subnet-1","provider_name":"registry.terraform.io/hashicorp/aws","change":{"actions":["create"],"before":null,"after":{"assign_ipv6_address_on_creation":false,"availability_zone":"us-east-1a","cidr_block":"172.16.100.0/24","customer_owned_ipv4_pool":null,"ipv6_cidr_block":null,"map_customer_owned_ip_on_launch":null,"map_public_ip_on_launch":false,"outpost_arn":null,"tags":{"Name":"private-subnet-1"},"tags_all":{"Name":"private-subnet-1"},"timeouts":null,"vpc_id":"aws_vpc.main.id"},"after_unknown":{"arn":true,"availability_zone_id":true,"id":true,"ipv6_cidr_block_association_id":true,"owner_id":true,"tags":{},"tags_all":{}}}},{"address":"aws_vpc.main","mode":"managed","type":"aws_vpc","name":"main","provider_name":"registry.terraform.io/hashicorp/aws","change":{"actions":["create"],"before":null,"after":{"assign_generated_ipv6_cidr_block":false,"cidr_block":"172.16.0.0/16","enable_dns_support":true,"instance_tenancy":"default","tags":null},"after_unknown":{"arn":true,"default_network_acl_id":true,"default_route_table_id":true,"default_security_group_id":true,"dhcp_options_id":true,"enable_classiclink":true,"enable_classiclink_dns_support":true,"enable_dns_hostnames":true,"id":true,"ipv6_association_id":true,"ipv6_cidr_block":true,"main_route_table_id":true,"owner_id":true,"tags_all":true}}}],"prior_state":{"format_version":"0.1","terraform_version":"0.13.4","values":{"root_module":{"resources":[{"address":"data.aws_ami.ubuntu-ami","mode":"data","type":"aws_ami","name":"ubuntu-ami","provider_name":"registry.terraform.io/hashicorp/aws","schema_version":0,"values":{"architecture":"x86_64","arn":"arn:aws:ec2:us-east-1::image/ami-000b3a073fc20e415","block_device_mappings":[{"device_name":"/dev/sda1","ebs":{"delete_on_termination":"true","encrypted":"false","iops":"0","snapshot_id":"snap-0d0c75281cdaf5fe5","throughput":"0","volume_size":"8","volume_type":"gp2"},"no_device":"","virtual_name":""},{"device_name":"/dev/sdb","ebs":{},"no_device":"","virtual_name":"ephemeral0"},{"device_name":"/dev/sdc","ebs":{},"no_device":"","virtual_name":"ephemeral1"}],"creation_date":"2019-11-11T13:12:33.000Z","description":"Canonical, Ubuntu, 14.04 LTS, amd64 trusty image build on 2019-11-07","ena_support":true,"executable_users":null,"filter":[{"name":"name","values":["ubuntu/images/hvm-ssd/ubuntu-trusty-14.04-amd64-server-*"]},{"name":"virtualization-type","values":["hvm"]}],"hypervisor":"xen","id":"ami-000b3a073fc20e415","image_id":"ami-000b3a073fc20e415","image_location":"099720109477/ubuntu/images/hvm-ssd/ubuntu-trusty-14.04-amd64-server-20191107","image_owner_alias":null,"image_type":"machine","kernel_id":null,"most_recent":true,"name":"ubuntu/images/hvm-ssd/ubuntu-trusty-14.04-amd64-server-20191107","name_regex":null,"owner_id":"099720109477","owners":["099720109477"],"platform":null,"platform_details":"Linux/UNIX","product_codes":[],"public":true,"ramdisk_id":null,"root_device_name":"/dev/sda1","root_device_type":"ebs","root_snapshot_id":"snap-0d0c75281cdaf5fe5","sriov_net_support":"simple","state":"available","state_reason":{"code":"UNSET","message":"UNSET"},"tags":{},"usage_operation":"RunInstances","virtualization_type":"hvm"}}]}}},"configuration":{"provider_config":{"aws":{"name":"aws","expressions":{"region":{"constant_value":"us-east-1"}}}},"root_module":{"resources":[{"address":"aws_autoscaling_group.test-autoscaling-group","mode":"managed","type":"aws_autoscaling_group","name":"test-autoscaling-group","provider_config_key":"aws","expressions":{"availability_zones":{"constant_value":["us-east-1a"]},"launch_configuration":{"references":["aws_launch_configuration.test-asg-launch-conf"]},"max_size":{"constant_value":5},"min_size":{"constant_value":2},"name":{"constant_value":"test-autoscaling-group"}},"schema_version":0,"raw_data":{"FileName":"main.tf","StartLine":2,"EndLine":8}},{"address":"aws_launch_configuration.test-asg-launch-conf","mode":"managed","type":"aws_launch_configuration","name":"test-asg-launch-conf","provider_config_key":"aws","expressions":{"associate_public_ip_address":{"constant_value":true},"image_id":{"references":["data.aws_ami.ubuntu-ami"]},"instance_type":{"constant_value":"m4.large"},"spot_price":{"constant_value":"0.0358"}},"schema_version":0,"raw_data":{"FileName":"main.tf","StartLine":10,"EndLine":19}},{"address":"aws_security_group.allow-http","mode":"managed","type":"aws_security_group","name":"allow-http","provider_config_key":"aws","expressions":{"description":{"constant_value":"allow http"}},"schema_version":1,"raw_data":{"FileName":"main.tf","StartLine":52,"EndLine":67}},{"address":"aws_subnet.private-subnet-1","mode":"managed","type":"aws_subnet","name":"private-subnet-1","provider_config_key":"aws","expressions":{"availability_zone":{"constant_value":"us-east-1a"},"cidr_block":{"constant_value":"172.16.100.0/24"},"map_public_ip_on_launch":{"constant_value":false},"tags":{"constant_value":{"Name":"private-subnet-1"}},"vpc_id":{"references":["aws_vpc.main"]}},"schema_version":1,"raw_data":{"FileName":"main.tf","StartLine":41,"EndLine":50}},{"address":"aws_vpc.main","mode":"managed","type":"aws_vpc","name":"main","provider_config_key":"aws","expressions":{"cidr_block":{"constant_value":"172.16.0.0/16"}},"schema_version":1,"raw_data":{"FileName":"main.tf","StartLine":37,"EndLine":39}},{"address":"data.aws_ami.ubuntu-ami","mode":"data","type":"aws_ami","name":"ubuntu-ami","provider_config_key":"aws","expressions":{"filter":[{"name":{"constant_value":"name"},"values":{"constant_value":["ubuntu/images/hvm-ssd/ubuntu-trusty-14.04-amd64-server-*"]}},{"name":{"constant_value":"virtualization-type"},"values":{"constant_value":["hvm"]}}],"most_recent":{"constant_value":true},"owners":{"constant_value":["099720109477"]}},"schema_version":0,"raw_data":{"FileName":"main.tf","StartLine":21,"EndLine":35}}]}}}
