{"format_version":"0.1","terraform_version":"0.14.6","planned_values":{"root_module":{"resources":[{"address":"google_dns_managed_zone.example-zone","mode":"managed","type":"google_dns_managed_zone","name":"example-zone","provider_name":"registry.terraform.io/hashicorp/google","schema_version":0,"values":{"description":"DNS Zone with DNSSEC","dns_name":"example-0000.com.","dnssec_config":[{"kind":"dns#managedZoneDnsSecConfig","state":"on"}],"force_destroy":false,"forwarding_config":[],"labels":null,"name":"example-zone","peering_config":[],"private_visibility_config":[],"timeouts":null,"visibility":"public"}}]}},"resource_changes":[{"address":"google_dns_managed_zone.example-zone","mode":"managed","type":"google_dns_managed_zone","name":"example-zone","provider_name":"registry.terraform.io/hashicorp/google","change":{"actions":["create"],"before":null,"after":{"description":"DNS Zone with DNSSEC","dns_name":"example-0000.com.","dnssec_config":[{"kind":"dns#managedZoneDnsSecConfig","state":"on"}],"force_destroy":false,"forwarding_config":[],"labels":null,"name":"example-zone","peering_config":[],"private_visibility_config":[],"timeouts":null,"visibility":"public"},"after_unknown":{"dnssec_config":[{"default_key_specs":true,"non_existence":true}],"forwarding_config":[],"id":true,"name_servers":true,"peering_config":[],"private_visibility_config":[],"project":true}}}],"configuration":{"provider_config":{"google":{"name":"google","expressions":{"project":{"constant_value":"dev-for-tests"},"region":{"constant_value":"us-west1"}}}},"root_module":{"resources":[{"address":"google_dns_managed_zone.example-zone","mode":"managed","type":"google_dns_managed_zone","name":"example-zone","provider_config_key":"google","expressions":{"description":{"constant_value":"DNS Zone with DNSSEC"},"dns_name":{"constant_value":"example-0000.com."},"dnssec_config":[{"state":{"constant_value":"on"}}],"name":{"constant_value":"example-zone"}},"schema_version":0,"raw_data":{"FileName":"main.tf","StartLine":6,"EndLine":13}}]}}}
