{"format_version":"0.1","terraform_version":"0.12.29","planned_values":{"root_module":{"resources":[{"address":"aws_iam_role.role","mode":"managed","type":"aws_iam_role","name":"role","provider_name":"aws","schema_version":0,"values":{"assume_role_policy":"{\n  \"Version\": \"2012-10-17\",\n  \"Statement\": [\n    {\n      \"Action\": \"sts:AssumeRole\",\n      \"Principal\": {\n        \"Service\": \"ec2.amazonaws.com\"\n      },\n      \"Effect\": \"Allow\",\n      \"Sid\": \"\"\n    }\n  ]\n}\n","description":null,"force_detach_policies":false,"max_session_duration":3600,"name":"test-role","name_prefix":null,"path":"/","permissions_boundary":null,"tags":null}},{"address":"aws_iam_role_policy_attachment.attach-role-policy","mode":"managed","type":"aws_iam_role_policy_attachment","name":"attach-role-policy","provider_name":"aws","schema_version":0,"values":{"policy_arn":"arn:aws:iam::aws:policy/ReadOnlyAccess","role":"test-role"}},{"address":"aws_iam_user.non_console_user","mode":"managed","type":"aws_iam_user","name":"non_console_user","provider_name":"aws","schema_version":0,"values":{"force_destroy":false,"name":"not_console_user","path":"/","permissions_boundary":null,"tags":null}},{"address":"aws_iam_user_policy_attachment.attach-user-policy","mode":"managed","type":"aws_iam_user_policy_attachment","name":"attach-user-policy","provider_name":"aws","schema_version":0,"values":{"policy_arn":"arn:aws:iam::aws:policy/ReadOnlyAccess","user":"not_console_user"}}]}},"resource_changes":[{"address":"aws_iam_role.role","mode":"managed","type":"aws_iam_role","name":"role","provider_name":"aws","change":{"actions":["create"],"before":null,"after":{"assume_role_policy":"{\n  \"Version\": \"2012-10-17\",\n  \"Statement\": [\n    {\n      \"Action\": \"sts:AssumeRole\",\n      \"Principal\": {\n        \"Service\": \"ec2.amazonaws.com\"\n      },\n      \"Effect\": \"Allow\",\n      \"Sid\": \"\"\n    }\n  ]\n}\n","description":null,"force_detach_policies":false,"max_session_duration":3600,"name":"test-role","name_prefix":null,"path":"/","permissions_boundary":null,"tags":null},"after_unknown":{"arn":true,"create_date":true,"id":true,"unique_id":true}}},{"address":"aws_iam_role_policy_attachment.attach-role-policy","mode":"managed","type":"aws_iam_role_policy_attachment","name":"attach-role-policy","provider_name":"aws","change":{"actions":["create"],"before":null,"after":{"policy_arn":"arn:aws:iam::aws:policy/ReadOnlyAccess","role":"test-role"},"after_unknown":{"id":true}}},{"address":"aws_iam_user.non_console_user","mode":"managed","type":"aws_iam_user","name":"non_console_user","provider_name":"aws","change":{"actions":["create"],"before":null,"after":{"force_destroy":false,"name":"not_console_user","path":"/","permissions_boundary":null,"tags":null},"after_unknown":{"arn":true,"id":true,"unique_id":true}}},{"address":"aws_iam_user_policy_attachment.attach-user-policy","mode":"managed","type":"aws_iam_user_policy_attachment","name":"attach-user-policy","provider_name":"aws","change":{"actions":["create"],"before":null,"after":{"policy_arn":"arn:aws:iam::aws:policy/ReadOnlyAccess","user":"not_console_user"},"after_unknown":{"id":true}}}],"configuration":{"provider_config":{"aws":{"name":"aws","expressions":{"region":{"constant_value":"us-east-1"}}}},"root_module":{"resources":[{"address":"aws_iam_role.role","mode":"managed","type":"aws_iam_role","name":"role","provider_config_key":"aws","expressions":{"assume_role_policy":{"constant_value":"{\n  \"Version\": \"2012-10-17\",\n  \"Statement\": [\n    {\n      \"Action\": \"sts:AssumeRole\",\n      \"Principal\": {\n        \"Service\": \"ec2.amazonaws.com\"\n      },\n      \"Effect\": \"Allow\",\n      \"Sid\": \"\"\n    }\n  ]\n}\n"},"name":{"constant_value":"test-role"}},"schema_version":0,"raw_data":{"FileName":"main.tf","StartLine":9,"EndLine":27}},{"address":"aws_iam_role_policy_attachment.attach-role-policy","mode":"managed","type":"aws_iam_role_policy_attachment","name":"attach-role-policy","provider_config_key":"aws","expressions":{"policy_arn":{"constant_value":"arn:aws:iam::aws:policy/ReadOnlyAccess"},"role":{"references":["aws_iam_role.role"]}},"schema_version":0,"raw_data":{"FileName":"main.tf","StartLine":29,"EndLine":32}},{"address":"aws_iam_user.non_console_user","mode":"managed","type":"aws_iam_user","name":"non_console_user","provider_config_key":"aws","expressions":{"name":{"constant_value":"not_console_user"}},"schema_version":0,"raw_data":{"FileName":"main.tf","StartLine":5,"EndLine":7}},{"address":"aws_iam_user_policy_attachment.attach-user-policy","mode":"managed","type":"aws_iam_user_policy_attachment","name":"attach-user-policy","provider_config_key":"aws","expressions":{"policy_arn":{"constant_value":"arn:aws:iam::aws:policy/ReadOnlyAccess"},"user":{"references":["aws_iam_user.non_console_user"]}},"schema_version":0,"raw_data":{"FileName":"main.tf","StartLine":34,"EndLine":37}}]}}}
