{"format_version":"0.1","terraform_version":"0.14.6","planned_values":{"root_module":{"resources":[{"address":"google_compute_instance.gce-def-01","mode":"managed","type":"google_compute_instance","name":"gce-def-01","provider_name":"registry.terraform.io/hashicorp/google","schema_version":6,"values":{"advanced_machine_features":[],"allow_stopping_for_update":null,"attached_disk":[],"boot_disk":[{"auto_delete":true,"disk_encryption_key_raw":null,"initialize_params":[{"image":"debian-cloud/debian-9"}],"mode":"READ_WRITE"}],"can_ip_forward":false,"deletion_protection":false,"description":null,"desired_status":null,"enable_display":null,"hostname":null,"labels":null,"machine_type":"n1-standard-1","metadata":null,"metadata_startup_script":null,"name":"gce-def-01","network_interface":[{"access_config":[],"alias_ip_range":[],"ipv6_access_config":[],"network":"default","nic_type":null}],"project":"dev-for-tests","resource_policies":null,"scratch_disk":[{"interface":"SCSI"}],"service_account":[{"email":"37924132841-compute@developer.gserviceaccount.com","scopes":["https://www.googleapis.com/auth/cloud-platform"]}],"shielded_instance_config":[],"tags":null,"timeouts":null,"zone":"us-west1-a"}},{"address":"google_compute_instance.gce-def-02","mode":"managed","type":"google_compute_instance","name":"gce-def-02","provider_name":"registry.terraform.io/hashicorp/google","schema_version":6,"values":{"advanced_machine_features":[],"allow_stopping_for_update":null,"attached_disk":[],"boot_disk":[{"auto_delete":true,"disk_encryption_key_raw":null,"initialize_params":[{"image":"debian-cloud/debian-9"}],"mode":"READ_WRITE"}],"can_ip_forward":false,"deletion_protection":false,"description":null,"desired_status":null,"enable_display":null,"hostname":null,"labels":null,"machine_type":"n1-standard-1","metadata":null,"metadata_startup_script":null,"name":"gce-def-02","network_interface":[{"access_config":[],"alias_ip_range":[],"ipv6_access_config":[],"network":"default","nic_type":null}],"project":"dev-for-tests","resource_policies":null,"scratch_disk":[{"interface":"SCSI"}],"service_account":[{"email":"37924132841-compute@developer.gserviceaccount.com","scopes":["https://www.googleapis.com/auth/cloud-platform"]}],"shielded_instance_config":[],"tags":null,"timeouts":null,"zone":"us-west1-a"}}]}},"resource_changes":[{"address":"google_compute_instance.gce-def-01","mode":"managed","type":"google_compute_instance","name":"gce-def-01","provider_name":"registry.terraform.io/hashicorp/google","change":{"actions":["create"],"before":null,"after":{"advanced_machine_features":[],"allow_stopping_for_update":null,"attached_disk":[],"boot_disk":[{"auto_delete":true,"disk_encryption_key_raw":null,"initialize_params":[{"image":"debian-cloud/debian-9"}],"mode":"READ_WRITE"}],"can_ip_forward":false,"deletion_protection":false,"description":null,"desired_status":null,"enable_display":null,"hostname":null,"labels":null,"machine_type":"n1-standard-1","metadata":null,"metadata_startup_script":null,"name":"gce-def-01","network_interface":[{"access_config":[],"alias_ip_range":[],"ipv6_access_config":[],"network":"default","nic_type":null}],"project":"dev-for-tests","resource_policies":null,"scratch_disk":[{"interface":"SCSI"}],"service_account":[{"email":"37924132841-compute@developer.gserviceaccount.com","scopes":["https://www.googleapis.com/auth/cloud-platform"]}],"shielded_instance_config":[],"tags":null,"timeouts":null,"zone":"us-west1-a"},"after_unknown":{"advanced_machine_features":[],"attached_disk":[],"boot_disk":[{"device_name":true,"disk_encryption_key_sha256":true,"initialize_params":[{"labels":true,"size":true,"type":true}],"kms_key_self_link":true,"source":true}],"confidential_instance_config":true,"cpu_platform":true,"current_status":true,"guest_accelerator":true,"id":true,"instance_id":true,"label_fingerprint":true,"metadata_fingerprint":true,"min_cpu_platform":true,"network_interface":[{"access_config":[],"alias_ip_range":[],"ipv6_access_config":[],"ipv6_access_type":true,"name":true,"network_ip":true,"stack_type":true,"subnetwork":true,"subnetwork_project":true}],"reservation_affinity":true,"scheduling":true,"scratch_disk":[{}],"self_link":true,"service_account":[{"scopes":[false]}],"shielded_instance_config":[],"tags_fingerprint":true}}},{"address":"google_compute_instance.gce-def-02","mode":"managed","type":"google_compute_instance","name":"gce-def-02","provider_name":"registry.terraform.io/hashicorp/google","change":{"actions":["create"],"before":null,"after":{"advanced_machine_features":[],"allow_stopping_for_update":null,"attached_disk":[],"boot_disk":[{"auto_delete":true,"disk_encryption_key_raw":null,"initialize_params":[{"image":"debian-cloud/debian-9"}],"mode":"READ_WRITE"}],"can_ip_forward":false,"deletion_protection":false,"description":null,"desired_status":null,"enable_display":null,"hostname":null,"labels":null,"machine_type":"n1-standard-1","metadata":null,"metadata_startup_script":null,"name":"gce-def-02","network_interface":[{"access_config":[],"alias_ip_range":[],"ipv6_access_config":[],"network":"default","nic_type":null}],"project":"dev-for-tests","resource_policies":null,"scratch_disk":[{"interface":"SCSI"}],"service_account":[{"email":"37924132841-compute@developer.gserviceaccount.com","scopes":["https://www.googleapis.com/auth/cloud-platform"]}],"shielded_instance_config":[],"tags":null,"timeouts":null,"zone":"us-west1-a"},"after_unknown":{"advanced_machine_features":[],"attached_disk":[],"boot_disk":[{"device_name":true,"disk_encryption_key_sha256":true,"initialize_params":[{"labels":true,"size":true,"type":true}],"kms_key_self_link":true,"source":true}],"confidential_instance_config":true,"cpu_platform":true,"current_status":true,"guest_accelerator":true,"id":true,"instance_id":true,"label_fingerprint":true,"metadata_fingerprint":true,"min_cpu_platform":true,"network_interface":[{"access_config":[],"alias_ip_range":[],"ipv6_access_config":[],"ipv6_access_type":true,"name":true,"network_ip":true,"stack_type":true,"subnetwork":true,"subnetwork_project":true}],"reservation_affinity":true,"scheduling":true,"scratch_disk":[{}],"self_link":true,"service_account":[{"scopes":[false]}],"shielded_instance_config":[],"tags_fingerprint":true}}}],"configuration":{"root_module":{"resources":[{"address":"google_compute_instance.gce-def-01","mode":"managed","type":"google_compute_instance","name":"gce-def-01","provider_config_key":"google","expressions":{"boot_disk":[{"initialize_params":[{"image":{"constant_value":"debian-cloud/debian-9"}}]}],"machine_type":{"constant_value":"n1-standard-1"},"name":{"constant_value":"gce-def-01"},"network_interface":[{"network":{"constant_value":"default"}}],"project":{"constant_value":"dev-for-tests"},"scratch_disk":[{"interface":{"constant_value":"SCSI"}}],"service_account":[{"email":{"constant_value":"37924132841-compute@developer.gserviceaccount.com"},"scopes":{"constant_value":["cloud-platform"]}}],"zone":{"constant_value":"us-west1-a"}},"schema_version":6,"raw_data":{"FileName":"main.tf","StartLine":2,"EndLine":29}},{"address":"google_compute_instance.gce-def-02","mode":"managed","type":"google_compute_instance","name":"gce-def-02","provider_config_key":"google","expressions":{"boot_disk":[{"initialize_params":[{"image":{"constant_value":"debian-cloud/debian-9"}}]}],"machine_type":{"constant_value":"n1-standard-1"},"name":{"constant_value":"gce-def-02"},"network_interface":[{"network":{"constant_value":"default"}}],"project":{"constant_value":"dev-for-tests"},"scratch_disk":[{"interface":{"constant_value":"SCSI"}}],"service_account":[{"email":{"constant_value":"37924132841-compute@developer.gserviceaccount.com"},"scopes":{"constant_value":["cloud-platform"]}}],"zone":{"constant_value":"us-west1-a"}},"schema_version":6,"raw_data":{"FileName":"main.tf","StartLine":31,"EndLine":58}}]}}}
