{"format_version":"0.1","terraform_version":"0.14.6","planned_values":{"root_module":{"resources":[{"address":"aws_default_route_table.example","mode":"managed","type":"aws_default_route_table","name":"example","provider_name":"registry.terraform.io/hashicorp/aws","schema_version":0,"values":{"default_route_table_id":"rtb-0a8787b494abdc57b","propagating_vgws":null,"route":[{"cidr_block":"10.0.1.0/24","destination_prefix_list_id":null,"egress_only_gateway_id":null,"gateway_id":"igw-0117762a7c52abc7b","instance_id":null,"ipv6_cidr_block":null,"nat_gateway_id":null,"network_interface_id":null,"transit_gateway_id":null,"vpc_endpoint_id":null,"vpc_peering_connection_id":null}],"tags":{"TerraformTag":"TerraformValue"},"tags_all":{"TerraformTag":"TerraformValue"}}}]}},"resource_changes":[{"address":"aws_default_route_table.example","mode":"managed","type":"aws_default_route_table","name":"example","provider_name":"registry.terraform.io/hashicorp/aws","change":{"actions":["create"],"before":null,"after":{"default_route_table_id":"rtb-0a8787b494abdc57b","propagating_vgws":null,"route":[{"cidr_block":"10.0.1.0/24","destination_prefix_list_id":null,"egress_only_gateway_id":null,"gateway_id":"igw-0117762a7c52abc7b","instance_id":null,"ipv6_cidr_block":null,"nat_gateway_id":null,"network_interface_id":null,"transit_gateway_id":null,"vpc_endpoint_id":null,"vpc_peering_connection_id":null}],"tags":{"TerraformTag":"TerraformValue"},"tags_all":{"TerraformTag":"TerraformValue"}},"after_unknown":{"arn":true,"id":true,"owner_id":true,"route":[{}],"tags":{},"tags_all":{},"vpc_id":true}}}],"prior_state":{"format_version":"0.1","terraform_version":"0.13.5","values":{"root_module":{"resources":[{"address":"data.aws_vpc.selected","mode":"data","type":"aws_vpc","name":"selected","provider_name":"registry.terraform.io/hashicorp/aws","schema_version":0,"values":{"arn":"arn:aws:ec2:us-east-1:111111111111:vpc/vpc-0bb120e294ef53f94","cidr_block":"10.0.0.0/24","cidr_block_associations":[{"association_id":"vpc-cidr-assoc-0d365aa5b3058b373","cidr_block":"10.0.0.0/24","state":"associated"}],"default":false,"dhcp_options_id":"dopt-8450d8ef","enable_dns_hostnames":false,"enable_dns_support":true,"filter":null,"id":"vpc-0bb120e294ef53f94","instance_tenancy":"default","ipv6_association_id":null,"ipv6_cidr_block":null,"main_route_table_id":"rtb-0a8787b494abdc57b","owner_id":"111111111111","state":"available","tags":{"Name":"TestVPC"}}}]}}},"configuration":{"root_module":{"resources":[{"address":"aws_default_route_table.example","mode":"managed","type":"aws_default_route_table","name":"example","provider_config_key":"aws","expressions":{"default_route_table_id":{"references":["data.aws_vpc.selected"]},"route":{"constant_value":[{"cidr_block":"10.0.1.0/24","destination_prefix_list_id":null,"egress_only_gateway_id":null,"gateway_id":"igw-0117762a7c52abc7b","instance_id":null,"ipv6_cidr_block":null,"nat_gateway_id":null,"network_interface_id":null,"transit_gateway_id":null,"vpc_endpoint_id":null,"vpc_peering_connection_id":null}]},"tags":{"constant_value":{"TerraformTag":"TerraformValue"}}},"schema_version":0,"raw_data":{"FileName":"main.tf","StartLine":6,"EndLine":28}},{"address":"data.aws_vpc.selected","mode":"data","type":"aws_vpc","name":"selected","provider_config_key":"aws","expressions":{"id":{"constant_value":"vpc-0bb120e294ef53f94"}},"schema_version":0,"raw_data":{"FileName":"main.tf","StartLine":1,"EndLine":3}}]}}}
