{"format_version":"0.1","terraform_version":"0.13.4","planned_values":{"root_module":{"resources":[{"address":"aws_s3_bucket.cloudrail","mode":"managed","type":"aws_s3_bucket","name":"cloudrail","provider_name":"registry.terraform.io/hashicorp/aws","schema_version":0,"values":{"acl":"public-read-write","bucket":"tomer-bucket-test-cr","bucket_prefix":null,"cors_rule":[],"force_destroy":false,"grant":[],"lifecycle_rule":[],"logging":[],"object_lock_configuration":[],"policy":null,"replication_configuration":[],"server_side_encryption_configuration":[],"tags":null,"versioning":[],"website":[]}},{"address":"aws_s3_bucket_object.object","mode":"managed","type":"aws_s3_bucket_object","name":"object","provider_name":"registry.terraform.io/hashicorp/aws","schema_version":0,"values":{"acl":"private","bucket":"aws_s3_bucket.cloudrail.id","cache_control":null,"content":"Cloudrail example","content_base64":null,"content_disposition":null,"content_encoding":null,"content_language":null,"force_destroy":false,"key":"example_file_non_encrypted","metadata":null,"object_lock_legal_hold_status":null,"object_lock_mode":null,"object_lock_retain_until_date":null,"source":null,"source_hash":null,"tags":null,"website_redirect":null}},{"address":"aws_s3_bucket_public_access_block.cloudrail","mode":"managed","type":"aws_s3_bucket_public_access_block","name":"cloudrail","provider_name":"registry.terraform.io/hashicorp/aws","schema_version":0,"values":{"block_public_acls":false,"block_public_policy":false,"bucket":"aws_s3_bucket.cloudrail.id","ignore_public_acls":false,"restrict_public_buckets":false}}]}},"resource_changes":[{"address":"aws_s3_bucket.cloudrail","mode":"managed","type":"aws_s3_bucket","name":"cloudrail","provider_name":"registry.terraform.io/hashicorp/aws","change":{"actions":["create"],"before":null,"after":{"acl":"public-read-write","bucket":"tomer-bucket-test-cr","bucket_prefix":null,"cors_rule":[],"force_destroy":false,"grant":[],"lifecycle_rule":[],"logging":[],"object_lock_configuration":[],"policy":null,"replication_configuration":[],"server_side_encryption_configuration":[],"tags":null,"versioning":[],"website":[]},"after_unknown":{"acceleration_status":true,"arn":true,"bucket_domain_name":true,"bucket_regional_domain_name":true,"cors_rule":[],"grant":[],"hosted_zone_id":true,"id":true,"lifecycle_rule":[],"logging":[],"object_lock_configuration":[],"region":true,"replication_configuration":[],"request_payer":true,"server_side_encryption_configuration":[],"tags_all":true,"versioning":[],"website":[],"website_domain":true,"website_endpoint":true}}},{"address":"aws_s3_bucket_object.object","mode":"managed","type":"aws_s3_bucket_object","name":"object","provider_name":"registry.terraform.io/hashicorp/aws","change":{"actions":["create"],"before":null,"after":{"acl":"private","bucket":"aws_s3_bucket.cloudrail.id","cache_control":null,"content":"Cloudrail example","content_base64":null,"content_disposition":null,"content_encoding":null,"content_language":null,"force_destroy":false,"key":"example_file_non_encrypted","metadata":null,"object_lock_legal_hold_status":null,"object_lock_mode":null,"object_lock_retain_until_date":null,"source":null,"source_hash":null,"tags":null,"website_redirect":null},"after_unknown":{"bucket_key_enabled":true,"content_type":true,"etag":true,"id":true,"kms_key_id":true,"server_side_encryption":true,"storage_class":true,"tags_all":true,"version_id":true}}},{"address":"aws_s3_bucket_public_access_block.cloudrail","mode":"managed","type":"aws_s3_bucket_public_access_block","name":"cloudrail","provider_name":"registry.terraform.io/hashicorp/aws","change":{"actions":["create"],"before":null,"after":{"block_public_acls":false,"block_public_policy":false,"bucket":"aws_s3_bucket.cloudrail.id","ignore_public_acls":false,"restrict_public_buckets":false},"after_unknown":{"id":true}}}],"configuration":{"provider_config":{"aws":{"name":"aws","expressions":{"region":{"constant_value":"eu-west-1"}}}},"root_module":{"resources":[{"address":"aws_s3_bucket.cloudrail","mode":"managed","type":"aws_s3_bucket","name":"cloudrail","provider_config_key":"aws","expressions":{"acl":{"constant_value":"public-read-write"},"bucket":{"constant_value":"tomer-bucket-test-cr"}},"schema_version":0,"raw_data":{"FileName":"main.tf","StartLine":5,"EndLine":8}},{"address":"aws_s3_bucket_object.object","mode":"managed","type":"aws_s3_bucket_object","name":"object","provider_config_key":"aws","expressions":{"bucket":{"references":["aws_s3_bucket.cloudrail"]},"content":{"constant_value":"Cloudrail example"},"key":{"constant_value":"example_file_non_encrypted"}},"schema_version":0,"raw_data":{"FileName":"main.tf","StartLine":18,"EndLine":22}},{"address":"aws_s3_bucket_public_access_block.cloudrail","mode":"managed","type":"aws_s3_bucket_public_access_block","name":"cloudrail","provider_config_key":"aws","expressions":{"block_public_acls":{"constant_value":false},"block_public_policy":{"constant_value":false},"bucket":{"references":["aws_s3_bucket.cloudrail"]},"ignore_public_acls":{"constant_value":false},"restrict_public_buckets":{"constant_value":false}},"schema_version":0,"raw_data":{"FileName":"main.tf","StartLine":10,"EndLine":16}}]}}}
