{"format_version":"0.1","terraform_version":"0.13.4","planned_values":{"root_module":{"resources":[{"address":"aws_iam_group.group","mode":"managed","type":"aws_iam_group","name":"group","provider_name":"registry.terraform.io/hashicorp/aws","schema_version":0,"values":{"name":"test-policy-group","path":"/"}},{"address":"aws_iam_policy_attachment.test-attach","mode":"managed","type":"aws_iam_policy_attachment","name":"test-attach","provider_name":"registry.terraform.io/hashicorp/aws","schema_version":0,"values":{"groups":["test-policy-group"],"name":"test-attachment","policy_arn":"arn:aws:iam::aws:policy/ReadOnlyAccess","roles":["test-role"],"users":["console_user_in_group"]}},{"address":"aws_iam_role.role","mode":"managed","type":"aws_iam_role","name":"role","provider_name":"registry.terraform.io/hashicorp/aws","schema_version":0,"values":{"assume_role_policy":"{\n  \"Version\": \"2012-10-17\",\n  \"Statement\": [\n    {\n      \"Action\": \"sts:AssumeRole\",\n      \"Principal\": {\n        \"Service\": \"ec2.amazonaws.com\"\n      },\n      \"Effect\": \"Allow\",\n      \"Sid\": \"\"\n    }\n  ]\n}\n","description":null,"force_detach_policies":false,"inline_policy":[],"max_session_duration":3600,"name":"test-role","name_prefix":null,"path":"/","permissions_boundary":null,"tags":null}},{"address":"aws_iam_user.group_user","mode":"managed","type":"aws_iam_user","name":"group_user","provider_name":"registry.terraform.io/hashicorp/aws","schema_version":0,"values":{"force_destroy":false,"name":"console_user_in_group","path":"/","permissions_boundary":null,"tags":null}}]}},"resource_changes":[{"address":"aws_iam_group.group","mode":"managed","type":"aws_iam_group","name":"group","provider_name":"registry.terraform.io/hashicorp/aws","change":{"actions":["create"],"before":null,"after":{"name":"test-policy-group","path":"/"},"after_unknown":{"arn":true,"id":true,"unique_id":true}}},{"address":"aws_iam_policy_attachment.test-attach","mode":"managed","type":"aws_iam_policy_attachment","name":"test-attach","provider_name":"registry.terraform.io/hashicorp/aws","change":{"actions":["create"],"before":null,"after":{"groups":["test-policy-group"],"name":"test-attachment","policy_arn":"arn:aws:iam::aws:policy/ReadOnlyAccess","roles":["test-role"],"users":["console_user_in_group"]},"after_unknown":{"groups":[false],"id":true,"roles":[false],"users":[false]}}},{"address":"aws_iam_role.role","mode":"managed","type":"aws_iam_role","name":"role","provider_name":"registry.terraform.io/hashicorp/aws","change":{"actions":["create"],"before":null,"after":{"assume_role_policy":"{\n  \"Version\": \"2012-10-17\",\n  \"Statement\": [\n    {\n      \"Action\": \"sts:AssumeRole\",\n      \"Principal\": {\n        \"Service\": \"ec2.amazonaws.com\"\n      },\n      \"Effect\": \"Allow\",\n      \"Sid\": \"\"\n    }\n  ]\n}\n","description":null,"force_detach_policies":false,"inline_policy":[],"max_session_duration":3600,"name":"test-role","name_prefix":null,"path":"/","permissions_boundary":null,"tags":null},"after_unknown":{"arn":true,"create_date":true,"id":true,"inline_policy":[],"managed_policy_arns":true,"tags_all":true,"unique_id":true}}},{"address":"aws_iam_user.group_user","mode":"managed","type":"aws_iam_user","name":"group_user","provider_name":"registry.terraform.io/hashicorp/aws","change":{"actions":["create"],"before":null,"after":{"force_destroy":false,"name":"console_user_in_group","path":"/","permissions_boundary":null,"tags":null},"after_unknown":{"arn":true,"id":true,"tags_all":true,"unique_id":true}}}],"configuration":{"provider_config":{"aws":{"name":"aws","expressions":{"region":{"constant_value":"us-east-1"}}}},"root_module":{"resources":[{"address":"aws_iam_group.group","mode":"managed","type":"aws_iam_group","name":"group","provider_config_key":"aws","expressions":{"name":{"constant_value":"test-policy-group"}},"schema_version":0,"raw_data":{"FileName":"main.tf","StartLine":6,"EndLine":8}},{"address":"aws_iam_policy_attachment.test-attach","mode":"managed","type":"aws_iam_policy_attachment","name":"test-attach","provider_config_key":"aws","expressions":{"groups":{"references":["aws_iam_group.group"]},"name":{"constant_value":"test-attachment"},"policy_arn":{"constant_value":"arn:aws:iam::aws:policy/ReadOnlyAccess"},"roles":{"references":["aws_iam_role.role"]},"users":{"references":["aws_iam_user.group_user"]}},"schema_version":0,"raw_data":{"FileName":"main.tf","StartLine":30,"EndLine":36}},{"address":"aws_iam_role.role","mode":"managed","type":"aws_iam_role","name":"role","provider_config_key":"aws","expressions":{"assume_role_policy":{"constant_value":"{\n  \"Version\": \"2012-10-17\",\n  \"Statement\": [\n    {\n      \"Action\": \"sts:AssumeRole\",\n      \"Principal\": {\n        \"Service\": \"ec2.amazonaws.com\"\n      },\n      \"Effect\": \"Allow\",\n      \"Sid\": \"\"\n    }\n  ]\n}\n"},"name":{"constant_value":"test-role"}},"schema_version":0,"raw_data":{"FileName":"main.tf","StartLine":10,"EndLine":28}},{"address":"aws_iam_user.group_user","mode":"managed","type":"aws_iam_user","name":"group_user","provider_config_key":"aws","expressions":{"name":{"constant_value":"console_user_in_group"}},"schema_version":0,"raw_data":{"FileName":"main.tf","StartLine":2,"EndLine":4}}]}}}
