{"format_version":"0.1","terraform_version":"0.12.29","planned_values":{"root_module":{"resources":[{"address":"aws_instance.ec2_2","mode":"managed","type":"aws_instance","name":"ec2_2","provider_name":"aws","schema_version":1,"values":{"ami":"ami-09943f9da1f1b7899","credit_specification":[],"disable_api_termination":null,"ebs_optimized":null,"get_password_data":false,"hibernation":null,"iam_instance_profile":null,"instance_initiated_shutdown_behavior":null,"instance_type":"t2.micro","monitoring":null,"source_dest_check":true,"subnet_id":"aws_subnet.subnet_2.id","tags":null,"timeouts":null,"user_data":null,"user_data_base64":null,"volume_tags":null,"vpc_security_group_ids":["aws_security_group.instance.id"]}},{"address":"aws_security_group.instance","mode":"managed","type":"aws_security_group","name":"instance","provider_name":"aws","schema_version":1,"values":{"description":"sg description","name":"some-sg-name","revoke_rules_on_delete":false,"tags":null,"timeouts":null,"vpc_id":"aws_vpc.main.id"}},{"address":"aws_security_group_rule.outbound_internet_access","mode":"managed","type":"aws_security_group_rule","name":"outbound_internet_access","provider_name":"aws","schema_version":2,"values":{"cidr_blocks":["1.1.1.1/32"],"description":"some description","from_port":0,"ipv6_cidr_blocks":null,"prefix_list_ids":null,"protocol":"-1","security_group_id":"aws_security_group.instance.id","self":false,"to_port":0,"type":"egress"}},{"address":"aws_subnet.subnet_2","mode":"managed","type":"aws_subnet","name":"subnet_2","provider_name":"aws","schema_version":1,"values":{"assign_ipv6_address_on_creation":false,"cidr_block":"192.168.1.0/24","customer_owned_ipv4_pool":null,"ipv6_cidr_block":null,"map_customer_owned_ip_on_launch":null,"map_public_ip_on_launch":false,"outpost_arn":null,"tags":null,"timeouts":null,"vpc_id":"aws_vpc.main.id"}},{"address":"aws_vpc.main","mode":"managed","type":"aws_vpc","name":"main","provider_name":"aws","schema_version":1,"values":{"assign_generated_ipv6_cidr_block":false,"cidr_block":"192.168.0.0/16","enable_dns_support":true,"instance_tenancy":"default","tags":null}}]}},"resource_changes":[{"address":"aws_instance.ec2_2","mode":"managed","type":"aws_instance","name":"ec2_2","provider_name":"aws","change":{"actions":["create"],"before":null,"after":{"ami":"ami-09943f9da1f1b7899","credit_specification":[],"disable_api_termination":null,"ebs_optimized":null,"get_password_data":false,"hibernation":null,"iam_instance_profile":null,"instance_initiated_shutdown_behavior":null,"instance_type":"t2.micro","monitoring":null,"source_dest_check":true,"subnet_id":"aws_subnet.subnet_2.id","tags":null,"timeouts":null,"user_data":null,"user_data_base64":null,"volume_tags":null,"vpc_security_group_ids":["aws_security_group.instance.id"]},"after_unknown":{"arn":true,"associate_public_ip_address":true,"availability_zone":true,"cpu_core_count":true,"cpu_threads_per_core":true,"credit_specification":[],"ebs_block_device":true,"enclave_options":true,"ephemeral_block_device":true,"host_id":true,"id":true,"instance_state":true,"ipv6_address_count":true,"ipv6_addresses":true,"key_name":true,"metadata_options":true,"network_interface":true,"outpost_arn":true,"password_data":true,"placement_group":true,"primary_network_interface_id":true,"private_dns":true,"private_ip":true,"public_dns":true,"public_ip":true,"root_block_device":true,"secondary_private_ips":true,"security_groups":true,"tenancy":true,"vpc_security_group_ids":[false]}}},{"address":"aws_security_group.instance","mode":"managed","type":"aws_security_group","name":"instance","provider_name":"aws","change":{"actions":["create"],"before":null,"after":{"description":"sg description","name":"some-sg-name","revoke_rules_on_delete":false,"tags":null,"timeouts":null,"vpc_id":"aws_vpc.main.id"},"after_unknown":{"arn":true,"egress":true,"id":true,"ingress":true,"name_prefix":true,"owner_id":true}}},{"address":"aws_security_group_rule.outbound_internet_access","mode":"managed","type":"aws_security_group_rule","name":"outbound_internet_access","provider_name":"aws","change":{"actions":["create"],"before":null,"after":{"cidr_blocks":["1.1.1.1/32"],"description":"some description","from_port":0,"ipv6_cidr_blocks":null,"prefix_list_ids":null,"protocol":"-1","security_group_id":"aws_security_group.instance.id","self":false,"to_port":0,"type":"egress"},"after_unknown":{"cidr_blocks":[false],"id":true,"source_security_group_id":true}}},{"address":"aws_subnet.subnet_2","mode":"managed","type":"aws_subnet","name":"subnet_2","provider_name":"aws","change":{"actions":["create"],"before":null,"after":{"assign_ipv6_address_on_creation":false,"cidr_block":"192.168.1.0/24","customer_owned_ipv4_pool":null,"ipv6_cidr_block":null,"map_customer_owned_ip_on_launch":null,"map_public_ip_on_launch":false,"outpost_arn":null,"tags":null,"timeouts":null,"vpc_id":"aws_vpc.main.id"},"after_unknown":{"arn":true,"availability_zone":true,"availability_zone_id":true,"id":true,"ipv6_cidr_block_association_id":true,"owner_id":true}}},{"address":"aws_vpc.main","mode":"managed","type":"aws_vpc","name":"main","provider_name":"aws","change":{"actions":["create"],"before":null,"after":{"assign_generated_ipv6_cidr_block":false,"cidr_block":"192.168.0.0/16","enable_dns_support":true,"instance_tenancy":"default","tags":null},"after_unknown":{"arn":true,"default_network_acl_id":true,"default_route_table_id":true,"default_security_group_id":true,"dhcp_options_id":true,"enable_classiclink":true,"enable_classiclink_dns_support":true,"enable_dns_hostnames":true,"id":true,"ipv6_association_id":true,"ipv6_cidr_block":true,"main_route_table_id":true,"owner_id":true}}}],"prior_state":{"format_version":"0.1","terraform_version":"0.12.29","values":{"root_module":{"resources":[{"address":"data.aws_ami.ubuntu_2","mode":"data","type":"aws_ami","name":"ubuntu_2","provider_name":"aws","schema_version":0,"values":{"architecture":"x86_64","arn":"arn:aws:ec2:us-east-1::image/ami-09943f9da1f1b7899","block_device_mappings":[{"device_name":"/dev/sda1","ebs":{"delete_on_termination":"true","encrypted":"false","iops":"0","snapshot_id":"snap-00fc25e1e01269cd9","throughput":"0","volume_size":"8","volume_type":"gp2"},"no_device":"","virtual_name":""},{"device_name":"/dev/sdb","ebs":{},"no_device":"","virtual_name":"ephemeral0"},{"device_name":"/dev/sdc","ebs":{},"no_device":"","virtual_name":"ephemeral1"}],"creation_date":"2021-02-24T17:38:23.000Z","description":"Canonical, Ubuntu, 16.04 LTS, amd64 xenial image build on 2021-02-24","ena_support":true,"executable_users":null,"filter":[{"name":"name","values":["ubuntu/images/hvm-ssd/ubuntu-xenial-16.04-amd64-server-*"]},{"name":"virtualization-type","values":["hvm"]}],"hypervisor":"xen","id":"ami-09943f9da1f1b7899","image_id":"ami-09943f9da1f1b7899","image_location":"099720109477/ubuntu/images/hvm-ssd/ubuntu-xenial-16.04-amd64-server-20210224","image_owner_alias":null,"image_type":"machine","kernel_id":null,"most_recent":true,"name":"ubuntu/images/hvm-ssd/ubuntu-xenial-16.04-amd64-server-20210224","name_regex":null,"owner_id":"099720109477","owners":["099720109477"],"platform":null,"platform_details":"Linux/UNIX","product_codes":[],"public":true,"ramdisk_id":null,"root_device_name":"/dev/sda1","root_device_type":"ebs","root_snapshot_id":"snap-00fc25e1e01269cd9","sriov_net_support":"simple","state":"available","state_reason":{"code":"UNSET","message":"UNSET"},"tags":{},"usage_operation":"RunInstances","virtualization_type":"hvm"}}]}}},"configuration":{"provider_config":{"aws":{"name":"aws","expressions":{"region":{"constant_value":"us-east-1"}}}},"root_module":{"resources":[{"address":"aws_instance.ec2_2","mode":"managed","type":"aws_instance","name":"ec2_2","provider_config_key":"aws","expressions":{"ami":{"references":["data.aws_ami.ubuntu_2"]},"instance_type":{"constant_value":"t2.micro"},"subnet_id":{"references":["aws_subnet.subnet_2"]},"vpc_security_group_ids":{"references":["aws_security_group.instance"]}},"schema_version":1,"raw_data":{"FileName":"main.tf","StartLine":31,"EndLine":36}},{"address":"aws_security_group.instance","mode":"managed","type":"aws_security_group","name":"instance","provider_config_key":"aws","expressions":{"description":{"constant_value":"sg description"},"name":{"constant_value":"some-sg-name"},"vpc_id":{"references":["aws_vpc.main"]}},"schema_version":1,"raw_data":{"FileName":"main.tf","StartLine":15,"EndLine":19}},{"address":"aws_security_group_rule.outbound_internet_access","mode":"managed","type":"aws_security_group_rule","name":"outbound_internet_access","provider_config_key":"aws","expressions":{"cidr_blocks":{"constant_value":["1.1.1.1/32"]},"description":{"constant_value":"some description"},"from_port":{"constant_value":0},"protocol":{"constant_value":"-1"},"security_group_id":{"references":["aws_security_group.instance"]},"to_port":{"constant_value":0},"type":{"constant_value":"egress"}},"schema_version":2,"raw_data":{"FileName":"main.tf","StartLine":21,"EndLine":29}},{"address":"aws_subnet.subnet_2","mode":"managed","type":"aws_subnet","name":"subnet_2","provider_config_key":"aws","expressions":{"cidr_block":{"constant_value":"192.168.1.0/24"},"vpc_id":{"references":["aws_vpc.main"]}},"schema_version":1,"raw_data":{"FileName":"main.tf","StartLine":10,"EndLine":13}},{"address":"aws_vpc.main","mode":"managed","type":"aws_vpc","name":"main","provider_config_key":"aws","expressions":{"cidr_block":{"constant_value":"192.168.0.0/16"},"enable_dns_support":{"constant_value":true}},"schema_version":1,"raw_data":{"FileName":"main.tf","StartLine":5,"EndLine":8}},{"address":"data.aws_ami.ubuntu_2","mode":"data","type":"aws_ami","name":"ubuntu_2","provider_config_key":"aws","expressions":{"filter":[{"name":{"constant_value":"name"},"values":{"constant_value":["ubuntu/images/hvm-ssd/ubuntu-xenial-16.04-amd64-server-*"]}},{"name":{"constant_value":"virtualization-type"},"values":{"constant_value":["hvm"]}}],"most_recent":{"constant_value":true},"owners":{"constant_value":["099720109477"]}},"schema_version":0,"raw_data":{"FileName":"main.tf","StartLine":38,"EndLine":52}}]}}}
