{"format_version":"0.1","terraform_version":"0.13.4","planned_values":{"root_module":{"resources":[{"address":"aws_cloudwatch_log_group.cloudrail-test","mode":"managed","type":"aws_cloudwatch_log_group","name":"cloudrail-test","provider_name":"registry.terraform.io/hashicorp/aws","schema_version":0,"values":{"kms_key_id":"aws_kms_key.cw-log-group.arn","name_prefix":null,"retention_in_days":1,"tags":null}},{"address":"aws_kms_key.cw-log-group","mode":"managed","type":"aws_kms_key","name":"cw-log-group","provider_name":"registry.terraform.io/hashicorp/aws","schema_version":0,"values":{"customer_master_key_spec":"SYMMETRIC_DEFAULT","deletion_window_in_days":7,"description":"KMS key for Cloudwath Log Group","enable_key_rotation":false,"is_enabled":true,"key_usage":"ENCRYPT_DECRYPT","policy":"{\n    \"Version\": \"2012-10-17\",\n    \"Id\": \"Key Policy\",\n    \"Statement\": [\n        {\n            \"Sid\": \"Enable IAM User Permissions\",\n            \"Effect\": \"Allow\",\n            \"Principal\": {\n                \"AWS\": [\n                    \"arn:aws:iam::115553109071:root\"\n                ]\n            },\n            \"Action\": \"kms:*\",\n            \"Resource\": \"*\"\n        },\n        {\n            \"Sid\": \"Allow Cloudwath Logs\",\n            \"Effect\": \"Allow\",\n            \"Principal\": {\n                \"Service\": \"logs.us-east-1.amazonaws.com\"\n            },\n            \"Action\": [\n                \"kms:Encrypt*\",\n                \"kms:Decrypt*\",\n                \"kms:ReEncrypt*\",\n                \"kms:GenerateDataKey*\",\n                \"kms:Describe*\"\n            ],\n            \"Resource\": \"*\"\n        }\n    ]\n}\n","tags":null}}]}},"resource_changes":[{"address":"aws_cloudwatch_log_group.cloudrail-test","mode":"managed","type":"aws_cloudwatch_log_group","name":"cloudrail-test","provider_name":"registry.terraform.io/hashicorp/aws","change":{"actions":["create"],"before":null,"after":{"kms_key_id":"aws_kms_key.cw-log-group.arn","name_prefix":null,"retention_in_days":1,"tags":null},"after_unknown":{"arn":true,"id":true,"name":true,"tags_all":true}}},{"address":"aws_kms_key.cw-log-group","mode":"managed","type":"aws_kms_key","name":"cw-log-group","provider_name":"registry.terraform.io/hashicorp/aws","change":{"actions":["create"],"before":null,"after":{"customer_master_key_spec":"SYMMETRIC_DEFAULT","deletion_window_in_days":7,"description":"KMS key for Cloudwath Log Group","enable_key_rotation":false,"is_enabled":true,"key_usage":"ENCRYPT_DECRYPT","policy":"{\n    \"Version\": \"2012-10-17\",\n    \"Id\": \"Key Policy\",\n    \"Statement\": [\n        {\n            \"Sid\": \"Enable IAM User Permissions\",\n            \"Effect\": \"Allow\",\n            \"Principal\": {\n                \"AWS\": [\n                    \"arn:aws:iam::115553109071:root\"\n                ]\n            },\n            \"Action\": \"kms:*\",\n            \"Resource\": \"*\"\n        },\n        {\n            \"Sid\": \"Allow Cloudwath Logs\",\n            \"Effect\": \"Allow\",\n            \"Principal\": {\n                \"Service\": \"logs.us-east-1.amazonaws.com\"\n            },\n            \"Action\": [\n                \"kms:Encrypt*\",\n                \"kms:Decrypt*\",\n                \"kms:ReEncrypt*\",\n                \"kms:GenerateDataKey*\",\n                \"kms:Describe*\"\n            ],\n            \"Resource\": \"*\"\n        }\n    ]\n}\n","tags":null},"after_unknown":{"arn":true,"id":true,"key_id":true,"tags_all":true}}}],"prior_state":{"format_version":"0.1","terraform_version":"0.13.4","values":{"root_module":{"resources":[{"address":"data.aws_caller_identity.current","mode":"data","type":"aws_caller_identity","name":"current","provider_name":"registry.terraform.io/hashicorp/aws","schema_version":0,"values":{"account_id":"115553109071","arn":"arn:aws:sts::115553109071:assumed-role/AWSReservedSSO_admin_in_develop_fb314e4593b59bf2/imanuel.m@indeni.com","id":"115553109071","user_id":"AROARVZ4AQRHRH7ZLU5BZ:imanuel.m@indeni.com"}},{"address":"data.aws_region.current","mode":"data","type":"aws_region","name":"current","provider_name":"registry.terraform.io/hashicorp/aws","schema_version":0,"values":{"description":"US East (N. Virginia)","endpoint":"ec2.us-east-1.amazonaws.com","id":"us-east-1","name":"us-east-1"}}]}}},"configuration":{"provider_config":{"aws":{"name":"aws","expressions":{"region":{"constant_value":"us-east-1"}}}},"root_module":{"resources":[{"address":"aws_cloudwatch_log_group.cloudrail-test","mode":"managed","type":"aws_cloudwatch_log_group","name":"cloudrail-test","provider_config_key":"aws","expressions":{"kms_key_id":{"references":["aws_kms_key.cw-log-group"]},"retention_in_days":{"constant_value":1}},"schema_version":0,"raw_data":{"FileName":"main.tf","StartLine":45,"EndLine":48}},{"address":"aws_kms_key.cw-log-group","mode":"managed","type":"aws_kms_key","name":"cw-log-group","provider_config_key":"aws","expressions":{"deletion_window_in_days":{"constant_value":7},"description":{"constant_value":"KMS key for Cloudwath Log Group"},"policy":{"references":["data.aws_caller_identity.current","data.aws_region.current"]}},"schema_version":0,"raw_data":{"FileName":"main.tf","StartLine":6,"EndLine":43}},{"address":"data.aws_caller_identity.current","mode":"data","type":"aws_caller_identity","name":"current","provider_config_key":"aws","schema_version":0,"raw_data":{"FileName":"main.tf","StartLine":2,"EndLine":2}},{"address":"data.aws_region.current","mode":"data","type":"aws_region","name":"current","provider_config_key":"aws","schema_version":0,"raw_data":{"FileName":"main.tf","StartLine":4,"EndLine":4}}]}}}
