{"format_version":"0.1","terraform_version":"0.12.29","planned_values":{"root_module":{"resources":[{"address":"aws_cloudwatch_log_group.log_group","mode":"managed","type":"aws_cloudwatch_log_group","name":"log_group","provider_name":"aws","schema_version":0,"values":{"kms_key_id":null,"name":"/aws/lambda/cloudrail_test_lambda","name_prefix":null,"retention_in_days":0,"tags":null}},{"address":"aws_iam_policy.lambda_logging","mode":"managed","type":"aws_iam_policy","name":"lambda_logging","provider_name":"aws","schema_version":0,"values":{"description":"IAM policy for logging from a lambda","name":"lambda_logging","name_prefix":null,"path":"/","policy":"{\n  \"Version\": \"2012-10-17\",\n  \"Statement\": [\n    {\n      \"Action\": [\n        \"logs:CreateLogGroup\",\n        \"logs:CreateLogStream\",\n        \"logs:PutLogEvents\"\n      ],\n      \"Resource\": \"arn:aws:logs:*:*:*\",\n      \"Effect\": \"Allow\"\n    }\n  ]\n}\n","tags":null}},{"address":"aws_iam_role.iam_for_lambda","mode":"managed","type":"aws_iam_role","name":"iam_for_lambda","provider_name":"aws","schema_version":0,"values":{"assume_role_policy":"{\"Statement\":[{\"Action\":\"sts:AssumeRole\",\"Effect\":\"Allow\",\"Principal\":{\"Service\":\"lambda.amazonaws.com\"},\"Sid\":\"\"}],\"Version\":\"2012-10-17\"}","description":null,"force_detach_policies":false,"max_session_duration":3600,"name":"iam_for_lambda","name_prefix":null,"path":"/","permissions_boundary":null,"tags":null}},{"address":"aws_iam_role_policy_attachment.AWSLambdaVPCAccessExecutionRole","mode":"managed","type":"aws_iam_role_policy_attachment","name":"AWSLambdaVPCAccessExecutionRole","provider_name":"aws","schema_version":0,"values":{"policy_arn":"arn:aws:iam::aws:policy/service-role/AWSLambdaVPCAccessExecutionRole","role":"iam_for_lambda"}},{"address":"aws_iam_role_policy_attachment.lambda_logs","mode":"managed","type":"aws_iam_role_policy_attachment","name":"lambda_logs","provider_name":"aws","schema_version":0,"values":{"policy_arn":"aws_iam_policy.lambda_logging.arn","role":"iam_for_lambda"}},{"address":"aws_lambda_function.test_lambda","mode":"managed","type":"aws_lambda_function","name":"test_lambda","provider_name":"aws","schema_version":0,"values":{"code_signing_config_arn":null,"dead_letter_config":[],"description":null,"environment":[],"file_system_config":[],"filename":"./Archive.zip","function_name":"cloudrail_test_lambda","handler":"main.handler","image_config":[],"image_uri":null,"kms_key_arn":null,"layers":null,"memory_size":128,"package_type":"Zip","publish":false,"reserved_concurrent_executions":-1,"role":"aws_iam_role.iam_for_lambda.arn","runtime":"python3.8","s3_bucket":null,"s3_key":null,"s3_object_version":null,"tags":null,"timeout":3,"timeouts":null,"tracing_config":[],"vpc_config":[{"security_group_ids":["aws_security_group.allow-http.id"],"subnet_ids":["aws_subnet.private-subnet.id"],"vpc_id":null}]}},{"address":"aws_security_group.allow-http","mode":"managed","type":"aws_security_group","name":"allow-http","provider_name":"aws","schema_version":1,"values":{"description":"allow http","egress":[{"cidr_blocks":["0.0.0.0/0"],"description":null,"from_port":0,"ipv6_cidr_blocks":null,"prefix_list_ids":null,"protocol":"-1","security_groups":null,"self":null,"to_port":0}],"ingress":[{"cidr_blocks":["0.0.0.0/0"],"description":null,"from_port":80,"ipv6_cidr_blocks":null,"prefix_list_ids":null,"protocol":"TCP","security_groups":null,"self":null,"to_port":80}],"revoke_rules_on_delete":false,"tags":null,"timeouts":null,"vpc_id":"aws_vpc.main.id"}},{"address":"aws_subnet.private-subnet","mode":"managed","type":"aws_subnet","name":"private-subnet","provider_name":"aws","schema_version":1,"values":{"assign_ipv6_address_on_creation":false,"cidr_block":"192.168.100.128/25","customer_owned_ipv4_pool":null,"ipv6_cidr_block":null,"map_customer_owned_ip_on_launch":null,"map_public_ip_on_launch":false,"outpost_arn":null,"tags":{"Name":"private-subnet"},"tags_all":{"Name":"private-subnet"},"timeouts":null,"vpc_id":"aws_vpc.main.id"}},{"address":"aws_vpc.main","mode":"managed","type":"aws_vpc","name":"main","provider_name":"aws","schema_version":1,"values":{"assign_generated_ipv6_cidr_block":false,"cidr_block":"192.168.100.0/24","enable_dns_support":true,"instance_tenancy":"default","tags":null}}]}},"resource_changes":[{"address":"aws_cloudwatch_log_group.log_group","mode":"managed","type":"aws_cloudwatch_log_group","name":"log_group","provider_name":"aws","change":{"actions":["create"],"before":null,"after":{"kms_key_id":null,"name":"/aws/lambda/cloudrail_test_lambda","name_prefix":null,"retention_in_days":0,"tags":null},"after_unknown":{"arn":true,"id":true}}},{"address":"aws_iam_policy.lambda_logging","mode":"managed","type":"aws_iam_policy","name":"lambda_logging","provider_name":"aws","change":{"actions":["create"],"before":null,"after":{"description":"IAM policy for logging from a lambda","name":"lambda_logging","name_prefix":null,"path":"/","policy":"{\n  \"Version\": \"2012-10-17\",\n  \"Statement\": [\n    {\n      \"Action\": [\n        \"logs:CreateLogGroup\",\n        \"logs:CreateLogStream\",\n        \"logs:PutLogEvents\"\n      ],\n      \"Resource\": \"arn:aws:logs:*:*:*\",\n      \"Effect\": \"Allow\"\n    }\n  ]\n}\n","tags":null},"after_unknown":{"arn":true,"id":true,"policy_id":true}}},{"address":"aws_iam_role.iam_for_lambda","mode":"managed","type":"aws_iam_role","name":"iam_for_lambda","provider_name":"aws","change":{"actions":["create"],"before":null,"after":{"assume_role_policy":"{\"Statement\":[{\"Action\":\"sts:AssumeRole\",\"Effect\":\"Allow\",\"Principal\":{\"Service\":\"lambda.amazonaws.com\"},\"Sid\":\"\"}],\"Version\":\"2012-10-17\"}","description":null,"force_detach_policies":false,"max_session_duration":3600,"name":"iam_for_lambda","name_prefix":null,"path":"/","permissions_boundary":null,"tags":null},"after_unknown":{"arn":true,"create_date":true,"id":true,"inline_policy":true,"managed_policy_arns":true,"unique_id":true}}},{"address":"aws_iam_role_policy_attachment.AWSLambdaVPCAccessExecutionRole","mode":"managed","type":"aws_iam_role_policy_attachment","name":"AWSLambdaVPCAccessExecutionRole","provider_name":"aws","change":{"actions":["create"],"before":null,"after":{"policy_arn":"arn:aws:iam::aws:policy/service-role/AWSLambdaVPCAccessExecutionRole","role":"iam_for_lambda"},"after_unknown":{"id":true}}},{"address":"aws_iam_role_policy_attachment.lambda_logs","mode":"managed","type":"aws_iam_role_policy_attachment","name":"lambda_logs","provider_name":"aws","change":{"actions":["create"],"before":null,"after":{"policy_arn":"aws_iam_policy.lambda_logging.arn","role":"iam_for_lambda"},"after_unknown":{"id":true}}},{"address":"aws_lambda_function.test_lambda","mode":"managed","type":"aws_lambda_function","name":"test_lambda","provider_name":"aws","change":{"actions":["create"],"before":null,"after":{"code_signing_config_arn":null,"dead_letter_config":[],"description":null,"environment":[],"file_system_config":[],"filename":"./Archive.zip","function_name":"cloudrail_test_lambda","handler":"main.handler","image_config":[],"image_uri":null,"kms_key_arn":null,"layers":null,"memory_size":128,"package_type":"Zip","publish":false,"reserved_concurrent_executions":-1,"role":"aws_iam_role.iam_for_lambda.arn","runtime":"python3.8","s3_bucket":null,"s3_key":null,"s3_object_version":null,"tags":null,"timeout":3,"timeouts":null,"tracing_config":[],"vpc_config":[{"security_group_ids":["aws_security_group.allow-http.id"],"subnet_ids":["aws_subnet.private-subnet.id"],"vpc_id":null}]},"after_unknown":{"arn":true,"dead_letter_config":[],"environment":[],"file_system_config":[],"id":true,"image_config":[],"invoke_arn":true,"last_modified":true,"qualified_arn":true,"signing_job_arn":true,"signing_profile_version_arn":true,"source_code_hash":true,"source_code_size":true,"tracing_config":[],"version":true,"vpc_config":[{"security_group_ids":[false],"subnet_ids":[false]}]}}},{"address":"aws_security_group.allow-http","mode":"managed","type":"aws_security_group","name":"allow-http","provider_name":"aws","change":{"actions":["create"],"before":null,"after":{"description":"allow http","egress":[{"cidr_blocks":["0.0.0.0/0"],"description":null,"from_port":0,"ipv6_cidr_blocks":null,"prefix_list_ids":null,"protocol":"-1","security_groups":null,"self":null,"to_port":0}],"ingress":[{"cidr_blocks":["0.0.0.0/0"],"description":null,"from_port":80,"ipv6_cidr_blocks":null,"prefix_list_ids":null,"protocol":"TCP","security_groups":null,"self":null,"to_port":80}],"revoke_rules_on_delete":false,"tags":null,"timeouts":null,"vpc_id":"aws_vpc.main.id"},"after_unknown":{"arn":true,"egress":[{"cidr_blocks":[false]}],"id":true,"ingress":[{"cidr_blocks":[false]}],"name":true,"name_prefix":true,"owner_id":true}}},{"address":"aws_subnet.private-subnet","mode":"managed","type":"aws_subnet","name":"private-subnet","provider_name":"aws","change":{"actions":["create"],"before":null,"after":{"assign_ipv6_address_on_creation":false,"cidr_block":"192.168.100.128/25","customer_owned_ipv4_pool":null,"ipv6_cidr_block":null,"map_customer_owned_ip_on_launch":null,"map_public_ip_on_launch":false,"outpost_arn":null,"tags":{"Name":"private-subnet"},"tags_all":{"Name":"private-subnet"},"timeouts":null,"vpc_id":"aws_vpc.main.id"},"after_unknown":{"arn":true,"availability_zone":true,"availability_zone_id":true,"id":true,"ipv6_cidr_block_association_id":true,"owner_id":true,"tags":{},"tags_all":{}}}},{"address":"aws_vpc.main","mode":"managed","type":"aws_vpc","name":"main","provider_name":"aws","change":{"actions":["create"],"before":null,"after":{"assign_generated_ipv6_cidr_block":false,"cidr_block":"192.168.100.0/24","enable_dns_support":true,"instance_tenancy":"default","tags":null},"after_unknown":{"arn":true,"default_network_acl_id":true,"default_route_table_id":true,"default_security_group_id":true,"dhcp_options_id":true,"enable_classiclink":true,"enable_classiclink_dns_support":true,"enable_dns_hostnames":true,"id":true,"ipv6_association_id":true,"ipv6_cidr_block":true,"main_route_table_id":true,"owner_id":true,"tags_all":true}}}],"configuration":{"provider_config":{"aws":{"name":"aws","expressions":{"region":{"constant_value":"us-east-1"}}}},"root_module":{"resources":[{"address":"aws_cloudwatch_log_group.log_group","mode":"managed","type":"aws_cloudwatch_log_group","name":"log_group","provider_config_key":"aws","expressions":{"name":{"references":["local.lambda_name"]},"retention_in_days":{"constant_value":0}},"schema_version":0,"raw_data":{"FileName":"main.tf","StartLine":32,"EndLine":35}},{"address":"aws_iam_policy.lambda_logging","mode":"managed","type":"aws_iam_policy","name":"lambda_logging","provider_config_key":"aws","expressions":{"description":{"constant_value":"IAM policy for logging from a lambda"},"name":{"constant_value":"lambda_logging"},"path":{"constant_value":"/"},"policy":{"constant_value":"{\n  \"Version\": \"2012-10-17\",\n  \"Statement\": [\n    {\n      \"Action\": [\n        \"logs:CreateLogGroup\",\n        \"logs:CreateLogStream\",\n        \"logs:PutLogEvents\"\n      ],\n      \"Resource\": \"arn:aws:logs:*:*:*\",\n      \"Effect\": \"Allow\"\n    }\n  ]\n}\n"}},"schema_version":0,"raw_data":{"FileName":"main.tf","StartLine":37,"EndLine":58}},{"address":"aws_iam_role.iam_for_lambda","mode":"managed","type":"aws_iam_role","name":"iam_for_lambda","provider_config_key":"aws","expressions":{"assume_role_policy":{},"name":{"constant_value":"iam_for_lambda"}},"schema_version":0,"raw_data":{"FileName":"main.tf","StartLine":9,"EndLine":25}},{"address":"aws_iam_role_policy_attachment.AWSLambdaVPCAccessExecutionRole","mode":"managed","type":"aws_iam_role_policy_attachment","name":"AWSLambdaVPCAccessExecutionRole","provider_config_key":"aws","expressions":{"policy_arn":{"constant_value":"arn:aws:iam::aws:policy/service-role/AWSLambdaVPCAccessExecutionRole"},"role":{"references":["aws_iam_role.iam_for_lambda"]}},"schema_version":0,"raw_data":{"FileName":"main.tf","StartLine":27,"EndLine":30}},{"address":"aws_iam_role_policy_attachment.lambda_logs","mode":"managed","type":"aws_iam_role_policy_attachment","name":"lambda_logs","provider_config_key":"aws","expressions":{"policy_arn":{"references":["aws_iam_policy.lambda_logging"]},"role":{"references":["aws_iam_role.iam_for_lambda"]}},"schema_version":0,"raw_data":{"FileName":"main.tf","StartLine":60,"EndLine":63}},{"address":"aws_lambda_function.test_lambda","mode":"managed","type":"aws_lambda_function","name":"test_lambda","provider_config_key":"aws","expressions":{"filename":{"references":["path.module"]},"function_name":{"references":["local.lambda_name"]},"handler":{"constant_value":"main.handler"},"role":{"references":["aws_iam_role.iam_for_lambda"]},"runtime":{"constant_value":"python3.8"},"vpc_config":[{"security_group_ids":{"references":["aws_security_group.allow-http"]},"subnet_ids":{"references":["aws_subnet.private-subnet"]}}]},"schema_version":0,"depends_on":["aws_iam_role_policy_attachment.lambda_logs","aws_cloudwatch_log_group.log_group"],"raw_data":{"FileName":"main.tf","StartLine":65,"EndLine":81}},{"address":"aws_security_group.allow-http","mode":"managed","type":"aws_security_group","name":"allow-http","provider_config_key":"aws","expressions":{"description":{"constant_value":"allow http"},"vpc_id":{"references":["aws_vpc.main"]}},"schema_version":1,"raw_data":{"FileName":"main.tf","StartLine":97,"EndLine":113}},{"address":"aws_subnet.private-subnet","mode":"managed","type":"aws_subnet","name":"private-subnet","provider_config_key":"aws","expressions":{"cidr_block":{"constant_value":"192.168.100.128/25"},"tags":{"constant_value":{"Name":"private-subnet"}},"vpc_id":{"references":["aws_vpc.main"]}},"schema_version":1,"raw_data":{"FileName":"main.tf","StartLine":88,"EndLine":95}},{"address":"aws_vpc.main","mode":"managed","type":"aws_vpc","name":"main","provider_config_key":"aws","expressions":{"cidr_block":{"constant_value":"192.168.100.0/24"}},"schema_version":1,"raw_data":{"FileName":"main.tf","StartLine":83,"EndLine":85}}]}}}
