{"format_version":"0.1","terraform_version":"0.13.4","planned_values":{"root_module":{"resources":[{"address":"aws_default_vpc.default","mode":"managed","type":"aws_default_vpc","name":"default","provider_name":"registry.terraform.io/hashicorp/aws","schema_version":1,"values":{"enable_dns_support":true,"tags":{"Name":"default-vpc"},"tags_all":{"Name":"default-vpc"}}},{"address":"aws_iam_role.role","mode":"managed","type":"aws_iam_role","name":"role","provider_name":"registry.terraform.io/hashicorp/aws","schema_version":0,"values":{"assume_role_policy":"{\n  \"Version\": \"2012-10-17\",\n  \"Statement\": [\n    {\n      \"Sid\": \"\",\n      \"Effect\": \"Allow\",\n      \"Action\": \"sts:AssumeRole\",\n      \"Principal\": {\n        \"Service\": \"ec2.amazonaws.com\"\n      }\n    }\n  ]\n}","description":null,"force_detach_policies":false,"inline_policy":[],"max_session_duration":3600,"name":"ec2-assume-role","name_prefix":null,"path":"/","permissions_boundary":null,"tags":null}}]}},"resource_changes":[{"address":"aws_default_vpc.default","mode":"managed","type":"aws_default_vpc","name":"default","provider_name":"registry.terraform.io/hashicorp/aws","change":{"actions":["create"],"before":null,"after":{"enable_dns_support":true,"tags":{"Name":"default-vpc"},"tags_all":{"Name":"default-vpc"}},"after_unknown":{"arn":true,"assign_generated_ipv6_cidr_block":true,"cidr_block":true,"default_network_acl_id":true,"default_route_table_id":true,"default_security_group_id":true,"dhcp_options_id":true,"enable_classiclink":true,"enable_classiclink_dns_support":true,"enable_dns_hostnames":true,"id":true,"instance_tenancy":true,"ipv6_association_id":true,"ipv6_cidr_block":true,"main_route_table_id":true,"owner_id":true,"tags":{},"tags_all":{}}}},{"address":"aws_iam_role.role","mode":"managed","type":"aws_iam_role","name":"role","provider_name":"registry.terraform.io/hashicorp/aws","change":{"actions":["create"],"before":null,"after":{"assume_role_policy":"{\n  \"Version\": \"2012-10-17\",\n  \"Statement\": [\n    {\n      \"Sid\": \"\",\n      \"Effect\": \"Allow\",\n      \"Action\": \"sts:AssumeRole\",\n      \"Principal\": {\n        \"Service\": \"ec2.amazonaws.com\"\n      }\n    }\n  ]\n}","description":null,"force_detach_policies":false,"inline_policy":[],"max_session_duration":3600,"name":"ec2-assume-role","name_prefix":null,"path":"/","permissions_boundary":null,"tags":null},"after_unknown":{"arn":true,"create_date":true,"id":true,"inline_policy":[],"managed_policy_arns":true,"tags_all":true,"unique_id":true}}}],"prior_state":{"format_version":"0.1","terraform_version":"0.13.4","values":{"root_module":{"resources":[{"address":"data.aws_iam_policy_document.iam_assume_policy","mode":"data","type":"aws_iam_policy_document","name":"iam_assume_policy","provider_name":"registry.terraform.io/hashicorp/aws","schema_version":0,"values":{"id":"1903849331","json":"{\n  \"Version\": \"2012-10-17\",\n  \"Statement\": [\n    {\n      \"Sid\": \"\",\n      \"Effect\": \"Allow\",\n      \"Action\": \"sts:AssumeRole\",\n      \"Principal\": {\n        \"Service\": \"ec2.amazonaws.com\"\n      }\n    }\n  ]\n}","override_json":null,"override_policy_documents":null,"policy_id":null,"source_json":null,"source_policy_documents":null,"statement":[{"actions":["sts:AssumeRole"],"condition":[],"effect":"Allow","not_actions":[],"not_principals":[],"not_resources":[],"principals":[{"identifiers":["ec2.amazonaws.com"],"type":"Service"}],"resources":[],"sid":""}],"version":"2012-10-17"}}]}}},"configuration":{"provider_config":{"aws":{"name":"aws","expressions":{"region":{"constant_value":"us-east-1"}}}},"root_module":{"resources":[{"address":"aws_default_vpc.default","mode":"managed","type":"aws_default_vpc","name":"default","provider_config_key":"aws","expressions":{"tags":{"constant_value":{"Name":"default-vpc"}}},"schema_version":1,"raw_data":{"FileName":"main.tf","StartLine":1,"EndLine":5}},{"address":"aws_iam_role.role","mode":"managed","type":"aws_iam_role","name":"role","provider_config_key":"aws","expressions":{"assume_role_policy":{"references":["data.aws_iam_policy_document.iam_assume_policy"]},"name":{"constant_value":"ec2-assume-role"}},"schema_version":0,"raw_data":{"FileName":"main.tf","StartLine":18,"EndLine":22}},{"address":"data.aws_iam_policy_document.iam_assume_policy","mode":"data","type":"aws_iam_policy_document","name":"iam_assume_policy","provider_config_key":"aws","expressions":{"statement":[{"actions":{"constant_value":["sts:AssumeRole"]},"principals":[{"identifiers":{"constant_value":["ec2.amazonaws.com"]},"type":{"constant_value":"Service"}}]}]},"schema_version":0,"raw_data":{"FileName":"main.tf","StartLine":7,"EndLine":16}}]}}}
