{"format_version":"0.1","terraform_version":"1.0.1-dev","planned_values":{"root_module":{"resources":[{"address":"azurerm_resource_group.rg","mode":"managed","type":"azurerm_resource_group","name":"rg","provider_name":"registry.terraform.io/hashicorp/azurerm","schema_version":0,"values":{"location":"westeurope","name":"cr24601-RG","tags":null,"timeouts":null}},{"address":"azurerm_subnet.snet","mode":"managed","type":"azurerm_subnet","name":"snet","provider_name":"registry.terraform.io/hashicorp/azurerm","schema_version":0,"values":{"address_prefixes":["10.5.25.0/24"],"delegation":[],"enforce_private_link_endpoint_network_policies":false,"enforce_private_link_service_network_policies":false,"name":"cr24601-snet","resource_group_name":"cr24601-RG","service_endpoint_policy_ids":null,"service_endpoints":null,"timeouts":null,"virtual_network_name":"cr24601-vnet"}},{"address":"azurerm_virtual_network.vnet","mode":"managed","type":"azurerm_virtual_network","name":"vnet","provider_name":"registry.terraform.io/hashicorp/azurerm","schema_version":0,"values":{"address_space":["10.5.0.0/16"],"bgp_community":null,"ddos_protection_plan":[],"flow_timeout_in_minutes":null,"location":"westeurope","name":"cr24601-vnet","resource_group_name":"cr24601-RG","tags":null,"timeouts":null,"vm_protection_enabled":false}}]}},"resource_changes":[{"address":"azurerm_resource_group.rg","mode":"managed","type":"azurerm_resource_group","name":"rg","provider_name":"registry.terraform.io/hashicorp/azurerm","change":{"actions":["create"],"before":null,"after":{"location":"westeurope","name":"cr24601-RG","tags":null,"timeouts":null},"after_unknown":{"id":true},"before_sensitive":false,"after_sensitive":{}}},{"address":"azurerm_subnet.snet","mode":"managed","type":"azurerm_subnet","name":"snet","provider_name":"registry.terraform.io/hashicorp/azurerm","change":{"actions":["create"],"before":null,"after":{"address_prefixes":["10.5.25.0/24"],"delegation":[],"enforce_private_link_endpoint_network_policies":false,"enforce_private_link_service_network_policies":false,"name":"cr24601-snet","resource_group_name":"cr24601-RG","service_endpoint_policy_ids":null,"service_endpoints":null,"timeouts":null,"virtual_network_name":"cr24601-vnet"},"after_unknown":{"address_prefix":true,"address_prefixes":[false],"delegation":[],"id":true},"before_sensitive":false,"after_sensitive":{"address_prefixes":[false],"delegation":[]}}},{"address":"azurerm_virtual_network.vnet","mode":"managed","type":"azurerm_virtual_network","name":"vnet","provider_name":"registry.terraform.io/hashicorp/azurerm","change":{"actions":["create"],"before":null,"after":{"address_space":["10.5.0.0/16"],"bgp_community":null,"ddos_protection_plan":[],"flow_timeout_in_minutes":null,"location":"westeurope","name":"cr24601-vnet","resource_group_name":"cr24601-RG","tags":null,"timeouts":null,"vm_protection_enabled":false},"after_unknown":{"address_space":[false],"ddos_protection_plan":[],"dns_servers":true,"guid":true,"id":true,"subnet":true},"before_sensitive":false,"after_sensitive":{"address_space":[false],"ddos_protection_plan":[],"dns_servers":[],"subnet":[]}}}],"configuration":{"provider_config":{"azurerm":{"name":"azurerm","expressions":{"features":[{}]}}},"root_module":{"resources":[{"address":"azurerm_resource_group.rg","mode":"managed","type":"azurerm_resource_group","name":"rg","provider_config_key":"azurerm","expressions":{"location":{"constant_value":"West Europe"},"name":{"references":["local.resource_prefix"]}},"schema_version":0,"raw_data":{"FileName":"main.tf","StartLine":9,"EndLine":12}},{"address":"azurerm_subnet.snet","mode":"managed","type":"azurerm_subnet","name":"snet","provider_config_key":"azurerm","expressions":{"address_prefixes":{"constant_value":["10.5.25.0/24"]},"name":{"references":["local.resource_prefix"]},"resource_group_name":{"references":["azurerm_resource_group.rg"]},"virtual_network_name":{"references":["azurerm_virtual_network.vnet"]}},"schema_version":0,"raw_data":{"FileName":"main.tf","StartLine":21,"EndLine":26}},{"address":"azurerm_virtual_network.vnet","mode":"managed","type":"azurerm_virtual_network","name":"vnet","provider_config_key":"azurerm","expressions":{"address_space":{"constant_value":["10.5.0.0/16"]},"location":{"references":["azurerm_resource_group.rg"]},"name":{"references":["local.resource_prefix"]},"resource_group_name":{"references":["azurerm_resource_group.rg"]}},"schema_version":0,"raw_data":{"FileName":"main.tf","StartLine":14,"EndLine":19}}]}}}
