{"format_version":"0.1","terraform_version":"0.13.4","planned_values":{"root_module":{"resources":[{"address":"aws_instance.test","mode":"managed","type":"aws_instance","name":"test","provider_name":"registry.terraform.io/hashicorp/aws","schema_version":1,"values":{"ami":"ami-0c536cd6abac1a385","capacity_reservation_specification":[],"credit_specification":[],"disable_api_termination":null,"ebs_block_device":[],"ebs_optimized":null,"enclave_options":[],"ephemeral_block_device":[],"get_password_data":false,"hibernation":null,"iam_instance_profile":null,"instance_type":"t3.micro","metadata_options":[],"monitoring":true,"network_interface":[],"root_block_device":[],"source_dest_check":true,"tags":{"Name":"test-monitoring"},"tags_all":{"Name":"test-monitoring"},"timeouts":null,"user_data":null,"user_data_base64":null,"volume_tags":null}}]}},"resource_changes":[{"address":"aws_instance.test","mode":"managed","type":"aws_instance","name":"test","provider_name":"registry.terraform.io/hashicorp/aws","change":{"actions":["create"],"before":null,"after":{"ami":"ami-0c536cd6abac1a385","capacity_reservation_specification":[],"credit_specification":[],"disable_api_termination":null,"ebs_block_device":[],"ebs_optimized":null,"enclave_options":[],"ephemeral_block_device":[],"get_password_data":false,"hibernation":null,"iam_instance_profile":null,"instance_type":"t3.micro","metadata_options":[],"monitoring":true,"network_interface":[],"root_block_device":[],"source_dest_check":true,"tags":{"Name":"test-monitoring"},"tags_all":{"Name":"test-monitoring"},"timeouts":null,"user_data":null,"user_data_base64":null,"volume_tags":null},"after_unknown":{"arn":true,"associate_public_ip_address":true,"availability_zone":true,"capacity_reservation_specification":[],"cpu_core_count":true,"cpu_threads_per_core":true,"credit_specification":[],"ebs_block_device":[],"enclave_options":[],"ephemeral_block_device":[],"host_id":true,"id":true,"instance_initiated_shutdown_behavior":true,"instance_state":true,"ipv6_address_count":true,"ipv6_addresses":true,"key_name":true,"metadata_options":[],"network_interface":[],"outpost_arn":true,"password_data":true,"placement_group":true,"primary_network_interface_id":true,"private_dns":true,"private_ip":true,"public_dns":true,"public_ip":true,"root_block_device":[],"secondary_private_ips":true,"security_groups":true,"subnet_id":true,"tags":{},"tags_all":{},"tenancy":true,"vpc_security_group_ids":true}}}],"prior_state":{"format_version":"0.1","terraform_version":"0.13.4","values":{"root_module":{"resources":[{"address":"data.aws_ami.ubuntu","mode":"data","type":"aws_ami","name":"ubuntu","provider_name":"registry.terraform.io/hashicorp/aws","schema_version":0,"values":{"architecture":"x86_64","arn":"arn:aws:ec2:us-east-1::image/ami-0c536cd6abac1a385","block_device_mappings":[{"device_name":"/dev/sda1","ebs":{"delete_on_termination":"true","encrypted":"false","iops":"0","snapshot_id":"snap-0bb7ca162cf4008c8","throughput":"0","volume_size":"8","volume_type":"gp2"},"no_device":"","virtual_name":""},{"device_name":"/dev/sdb","ebs":{},"no_device":"","virtual_name":"ephemeral0"},{"device_name":"/dev/sdc","ebs":{},"no_device":"","virtual_name":"ephemeral1"}],"creation_date":"2021-06-11T14:55:39.000Z","description":"Canonical, Ubuntu, 20.04 LTS, amd64 focal image build on 2021-06-10","ena_support":true,"executable_users":null,"filter":[{"name":"name","values":["ubuntu/images/hvm-ssd/ubuntu-focal-20.04-amd64-server-*"]},{"name":"virtualization-type","values":["hvm"]}],"hypervisor":"xen","id":"ami-0c536cd6abac1a385","image_id":"ami-0c536cd6abac1a385","image_location":"099720109477/ubuntu/images/hvm-ssd/ubuntu-focal-20.04-amd64-server-20210610","image_owner_alias":null,"image_type":"machine","kernel_id":null,"most_recent":true,"name":"ubuntu/images/hvm-ssd/ubuntu-focal-20.04-amd64-server-20210610","name_regex":null,"owner_id":"099720109477","owners":["099720109477"],"platform":null,"platform_details":"Linux/UNIX","product_codes":[],"public":true,"ramdisk_id":null,"root_device_name":"/dev/sda1","root_device_type":"ebs","root_snapshot_id":"snap-0bb7ca162cf4008c8","sriov_net_support":"simple","state":"available","state_reason":{"code":"UNSET","message":"UNSET"},"tags":{},"usage_operation":"RunInstances","virtualization_type":"hvm"}}]}}},"configuration":{"provider_config":{"aws":{"name":"aws","expressions":{"region":{"constant_value":"us-east-1"}}}},"root_module":{"resources":[{"address":"aws_instance.test","mode":"managed","type":"aws_instance","name":"test","provider_config_key":"aws","expressions":{"ami":{"references":["data.aws_ami.ubuntu"]},"instance_type":{"constant_value":"t3.micro"},"monitoring":{"constant_value":true},"tags":{"constant_value":{"Name":"test-monitoring"}}},"schema_version":1,"raw_data":{"FileName":"main.tf","StartLine":18,"EndLine":26}},{"address":"data.aws_ami.ubuntu","mode":"data","type":"aws_ami","name":"ubuntu","provider_config_key":"aws","expressions":{"filter":[{"name":{"constant_value":"name"},"values":{"constant_value":["ubuntu/images/hvm-ssd/ubuntu-focal-20.04-amd64-server-*"]}},{"name":{"constant_value":"virtualization-type"},"values":{"constant_value":["hvm"]}}],"most_recent":{"constant_value":true},"owners":{"constant_value":["099720109477"]}},"schema_version":0,"raw_data":{"FileName":"main.tf","StartLine":2,"EndLine":16}}]}}}
