{"format_version":"0.1","terraform_version":"0.13.4","planned_values":{"root_module":{"resources":[{"address":"aws_ecs_cluster.ecs-cluster","mode":"managed","type":"aws_ecs_cluster","name":"ecs-cluster","provider_name":"registry.terraform.io/hashicorp/aws","schema_version":0,"values":{"capacity_providers":null,"configuration":[],"default_capacity_provider_strategy":[],"name":"ecs-cluster","setting":[],"tags":null}},{"address":"aws_ecs_service.web-server-service","mode":"managed","type":"aws_ecs_service","name":"web-server-service","provider_name":"registry.terraform.io/hashicorp/aws","schema_version":0,"values":{"capacity_provider_strategy":[],"cluster":"aws_ecs_cluster.ecs-cluster.id","deployment_circuit_breaker":[],"deployment_controller":[],"deployment_maximum_percent":200,"deployment_minimum_healthy_percent":100,"desired_count":1,"enable_ecs_managed_tags":false,"enable_execute_command":false,"force_new_deployment":null,"health_check_grace_period_seconds":null,"launch_type":"FARGATE","load_balancer":[],"name":"web-server-service","network_configuration":[{"assign_public_ip":false,"security_groups":["aws_security_group.http-sg.id"],"subnets":["aws_subnet.private-subnet.id"]}],"ordered_placement_strategy":[],"placement_constraints":[],"propagate_tags":null,"scheduling_strategy":"REPLICA","service_registries":[],"tags":null,"task_definition":"aws_ecs_task_definition.web-server-task-definition.arn","timeouts":null,"wait_for_steady_state":false}},{"address":"aws_ecs_task_definition.web-server-task-definition","mode":"managed","type":"aws_ecs_task_definition","name":"web-server-task-definition","provider_name":"registry.terraform.io/hashicorp/aws","schema_version":1,"values":{"container_definitions":"  [\n    {\n      \"name\": \"apache-web-server\",\n      \"image\": \"/ecr/repository/image/path\",\n      \"essential\": true,\n      \"portMappings\": [\n        {\n          \"containerPort\": 80,\n          \"hostPort\": 80,\n          \"protocol\": \"tcp\"\n        }\n      ]\n    }\n  ]\n","cpu":"256","ephemeral_storage":[],"execution_role_arn":"arn:aws:iam::115553109071:role/aws-service-role/ecs.amazonaws.com/AWSServiceRoleForECS","family":"web-server-task","inference_accelerator":[],"ipc_mode":null,"memory":"512","network_mode":"awsvpc","pid_mode":null,"placement_constraints":[],"proxy_configuration":[],"requires_compatibilities":["FARGATE"],"tags":null,"task_role_arn":"aws_iam_role.ecs-instance-role.arn","volume":[]}},{"address":"aws_iam_role.ecs-instance-role","mode":"managed","type":"aws_iam_role","name":"ecs-instance-role","provider_name":"registry.terraform.io/hashicorp/aws","schema_version":0,"values":{"assume_role_policy":"{\n  \"Version\": \"2012-10-17\",\n  \"Statement\": [\n    {\n      \"Action\": \"sts:AssumeRole\",\n      \"Principal\": {\n        \"Service\": \"ecs.amazonaws.com\"\n      },\n      \"Effect\": \"Allow\",\n      \"Sid\": \"\"\n    }\n  ]\n}\n","description":null,"force_detach_policies":false,"inline_policy":[],"max_session_duration":3600,"name":"ecs-instance-role","name_prefix":null,"path":"/","permissions_boundary":null,"tags":null}},{"address":"aws_iam_user.user-1","mode":"managed","type":"aws_iam_user","name":"user-1","provider_name":"registry.terraform.io/hashicorp/aws","schema_version":0,"values":{"force_destroy":false,"name":"user-1","path":"/","permissions_boundary":null,"tags":null}},{"address":"aws_iam_user_policy.user-1-policy","mode":"managed","type":"aws_iam_user_policy","name":"user-1-policy","provider_name":"registry.terraform.io/hashicorp/aws","schema_version":0,"values":{"name":"user-1-policy","name_prefix":null,"policy":"{\n  \"Version\": \"2012-10-17\",\n  \"Statement\": [\n    {\n      \"Action\": [\n        \"ecs:*\"\n      ],\n      \"Effect\": \"Allow\",\n      \"Resource\": \"*\"\n    }\n  ]\n}\n","user":"user-1"}},{"address":"aws_security_group.http-sg","mode":"managed","type":"aws_security_group","name":"http-sg","provider_name":"registry.terraform.io/hashicorp/aws","schema_version":1,"values":{"description":"Managed by Terraform","egress":[{"cidr_blocks":["0.0.0.0/0"],"description":null,"from_port":0,"ipv6_cidr_blocks":null,"prefix_list_ids":null,"protocol":"-1","security_groups":null,"self":null,"to_port":0}],"ingress":[{"cidr_blocks":["192.168.100.128/25"],"description":"mysql","from_port":80,"ipv6_cidr_blocks":null,"prefix_list_ids":null,"protocol":"tcp","security_groups":null,"self":null,"to_port":80}],"name":"sg","revoke_rules_on_delete":false,"tags":null,"timeouts":null,"vpc_id":"aws_vpc.test-vpc.id"}},{"address":"aws_subnet.private-subnet","mode":"managed","type":"aws_subnet","name":"private-subnet","provider_name":"registry.terraform.io/hashicorp/aws","schema_version":1,"values":{"assign_ipv6_address_on_creation":false,"availability_zone":"us-east-1a","cidr_block":"192.168.100.128/25","customer_owned_ipv4_pool":null,"ipv6_cidr_block":null,"map_customer_owned_ip_on_launch":null,"map_public_ip_on_launch":false,"outpost_arn":null,"tags":null,"timeouts":null,"vpc_id":"aws_vpc.test-vpc.id"}},{"address":"aws_vpc.test-vpc","mode":"managed","type":"aws_vpc","name":"test-vpc","provider_name":"registry.terraform.io/hashicorp/aws","schema_version":1,"values":{"assign_generated_ipv6_cidr_block":false,"cidr_block":"192.168.100.128/25","enable_dns_support":true,"instance_tenancy":"default","tags":null}}]}},"resource_changes":[{"address":"aws_ecs_cluster.ecs-cluster","mode":"managed","type":"aws_ecs_cluster","name":"ecs-cluster","provider_name":"registry.terraform.io/hashicorp/aws","change":{"actions":["create"],"before":null,"after":{"capacity_providers":null,"configuration":[],"default_capacity_provider_strategy":[],"name":"ecs-cluster","setting":[],"tags":null},"after_unknown":{"arn":true,"configuration":[],"default_capacity_provider_strategy":[],"id":true,"setting":[],"tags_all":true}}},{"address":"aws_ecs_service.web-server-service","mode":"managed","type":"aws_ecs_service","name":"web-server-service","provider_name":"registry.terraform.io/hashicorp/aws","change":{"actions":["create"],"before":null,"after":{"capacity_provider_strategy":[],"cluster":"aws_ecs_cluster.ecs-cluster.id","deployment_circuit_breaker":[],"deployment_controller":[],"deployment_maximum_percent":200,"deployment_minimum_healthy_percent":100,"desired_count":1,"enable_ecs_managed_tags":false,"enable_execute_command":false,"force_new_deployment":null,"health_check_grace_period_seconds":null,"launch_type":"FARGATE","load_balancer":[],"name":"web-server-service","network_configuration":[{"assign_public_ip":false,"security_groups":["aws_security_group.http-sg.id"],"subnets":["aws_subnet.private-subnet.id"]}],"ordered_placement_strategy":[],"placement_constraints":[],"propagate_tags":null,"scheduling_strategy":"REPLICA","service_registries":[],"tags":null,"task_definition":"aws_ecs_task_definition.web-server-task-definition.arn","timeouts":null,"wait_for_steady_state":false},"after_unknown":{"capacity_provider_strategy":[],"deployment_circuit_breaker":[],"deployment_controller":[],"iam_role":true,"id":true,"load_balancer":[],"network_configuration":[{"security_groups":[false],"subnets":[false]}],"ordered_placement_strategy":[],"placement_constraints":[],"platform_version":true,"service_registries":[],"tags_all":true}}},{"address":"aws_ecs_task_definition.web-server-task-definition","mode":"managed","type":"aws_ecs_task_definition","name":"web-server-task-definition","provider_name":"registry.terraform.io/hashicorp/aws","change":{"actions":["create"],"before":null,"after":{"container_definitions":"  [\n    {\n      \"name\": \"apache-web-server\",\n      \"image\": \"/ecr/repository/image/path\",\n      \"essential\": true,\n      \"portMappings\": [\n        {\n          \"containerPort\": 80,\n          \"hostPort\": 80,\n          \"protocol\": \"tcp\"\n        }\n      ]\n    }\n  ]\n","cpu":"256","ephemeral_storage":[],"execution_role_arn":"arn:aws:iam::115553109071:role/aws-service-role/ecs.amazonaws.com/AWSServiceRoleForECS","family":"web-server-task","inference_accelerator":[],"ipc_mode":null,"memory":"512","network_mode":"awsvpc","pid_mode":null,"placement_constraints":[],"proxy_configuration":[],"requires_compatibilities":["FARGATE"],"tags":null,"task_role_arn":"aws_iam_role.ecs-instance-role.arn","volume":[]},"after_unknown":{"arn":true,"ephemeral_storage":[],"id":true,"inference_accelerator":[],"placement_constraints":[],"proxy_configuration":[],"requires_compatibilities":[false],"revision":true,"tags_all":true,"volume":[]}}},{"address":"aws_iam_role.ecs-instance-role","mode":"managed","type":"aws_iam_role","name":"ecs-instance-role","provider_name":"registry.terraform.io/hashicorp/aws","change":{"actions":["create"],"before":null,"after":{"assume_role_policy":"{\n  \"Version\": \"2012-10-17\",\n  \"Statement\": [\n    {\n      \"Action\": \"sts:AssumeRole\",\n      \"Principal\": {\n        \"Service\": \"ecs.amazonaws.com\"\n      },\n      \"Effect\": \"Allow\",\n      \"Sid\": \"\"\n    }\n  ]\n}\n","description":null,"force_detach_policies":false,"inline_policy":[],"max_session_duration":3600,"name":"ecs-instance-role","name_prefix":null,"path":"/","permissions_boundary":null,"tags":null},"after_unknown":{"arn":true,"create_date":true,"id":true,"inline_policy":[],"managed_policy_arns":true,"tags_all":true,"unique_id":true}}},{"address":"aws_iam_user.user-1","mode":"managed","type":"aws_iam_user","name":"user-1","provider_name":"registry.terraform.io/hashicorp/aws","change":{"actions":["create"],"before":null,"after":{"force_destroy":false,"name":"user-1","path":"/","permissions_boundary":null,"tags":null},"after_unknown":{"arn":true,"id":true,"tags_all":true,"unique_id":true}}},{"address":"aws_iam_user_policy.user-1-policy","mode":"managed","type":"aws_iam_user_policy","name":"user-1-policy","provider_name":"registry.terraform.io/hashicorp/aws","change":{"actions":["create"],"before":null,"after":{"name":"user-1-policy","name_prefix":null,"policy":"{\n  \"Version\": \"2012-10-17\",\n  \"Statement\": [\n    {\n      \"Action\": [\n        \"ecs:*\"\n      ],\n      \"Effect\": \"Allow\",\n      \"Resource\": \"*\"\n    }\n  ]\n}\n","user":"user-1"},"after_unknown":{"id":true}}},{"address":"aws_security_group.http-sg","mode":"managed","type":"aws_security_group","name":"http-sg","provider_name":"registry.terraform.io/hashicorp/aws","change":{"actions":["create"],"before":null,"after":{"description":"Managed by Terraform","egress":[{"cidr_blocks":["0.0.0.0/0"],"description":null,"from_port":0,"ipv6_cidr_blocks":null,"prefix_list_ids":null,"protocol":"-1","security_groups":null,"self":null,"to_port":0}],"ingress":[{"cidr_blocks":["192.168.100.128/25"],"description":"mysql","from_port":80,"ipv6_cidr_blocks":null,"prefix_list_ids":null,"protocol":"tcp","security_groups":null,"self":null,"to_port":80}],"name":"sg","revoke_rules_on_delete":false,"tags":null,"timeouts":null,"vpc_id":"aws_vpc.test-vpc.id"},"after_unknown":{"arn":true,"egress":[{"cidr_blocks":[false]}],"id":true,"ingress":[{"cidr_blocks":[false]}],"name_prefix":true,"owner_id":true,"tags_all":true}}},{"address":"aws_subnet.private-subnet","mode":"managed","type":"aws_subnet","name":"private-subnet","provider_name":"registry.terraform.io/hashicorp/aws","change":{"actions":["create"],"before":null,"after":{"assign_ipv6_address_on_creation":false,"availability_zone":"us-east-1a","cidr_block":"192.168.100.128/25","customer_owned_ipv4_pool":null,"ipv6_cidr_block":null,"map_customer_owned_ip_on_launch":null,"map_public_ip_on_launch":false,"outpost_arn":null,"tags":null,"timeouts":null,"vpc_id":"aws_vpc.test-vpc.id"},"after_unknown":{"arn":true,"availability_zone_id":true,"id":true,"ipv6_cidr_block_association_id":true,"owner_id":true,"tags_all":true}}},{"address":"aws_vpc.test-vpc","mode":"managed","type":"aws_vpc","name":"test-vpc","provider_name":"registry.terraform.io/hashicorp/aws","change":{"actions":["create"],"before":null,"after":{"assign_generated_ipv6_cidr_block":false,"cidr_block":"192.168.100.128/25","enable_dns_support":true,"instance_tenancy":"default","tags":null},"after_unknown":{"arn":true,"default_network_acl_id":true,"default_route_table_id":true,"default_security_group_id":true,"dhcp_options_id":true,"enable_classiclink":true,"enable_classiclink_dns_support":true,"enable_dns_hostnames":true,"id":true,"ipv6_association_id":true,"ipv6_cidr_block":true,"main_route_table_id":true,"owner_id":true,"tags_all":true}}}],"prior_state":{"format_version":"0.1","terraform_version":"0.13.4","values":{"root_module":{"resources":[{"address":"data.aws_iam_role.ecs_task_execution_role","mode":"data","type":"aws_iam_role","name":"ecs_task_execution_role","provider_name":"registry.terraform.io/hashicorp/aws","schema_version":0,"values":{"arn":"arn:aws:iam::115553109071:role/aws-service-role/ecs.amazonaws.com/AWSServiceRoleForECS","assume_role_policy":"{\"Version\":\"2012-10-17\",\"Statement\":[{\"Effect\":\"Allow\",\"Principal\":{\"Service\":\"ecs.amazonaws.com\"},\"Action\":\"sts:AssumeRole\"}]}","create_date":"2021-02-03T09:42:55Z","description":"Role to enable Amazon ECS to manage your cluster.","id":"AWSServiceRoleForECS","max_session_duration":3600,"name":"AWSServiceRoleForECS","path":"/aws-service-role/ecs.amazonaws.com/","permissions_boundary":"","tags":{},"unique_id":"AROARVZ4AQRH7RB6M6EPT"}}]}}},"configuration":{"provider_config":{"aws":{"name":"aws","expressions":{"region":{"constant_value":"us-east-1"}}}},"root_module":{"resources":[{"address":"aws_ecs_cluster.ecs-cluster","mode":"managed","type":"aws_ecs_cluster","name":"ecs-cluster","provider_config_key":"aws","expressions":{"name":{"constant_value":"ecs-cluster"}},"schema_version":0,"raw_data":{"FileName":"main.tf","StartLine":43,"EndLine":45}},{"address":"aws_ecs_service.web-server-service","mode":"managed","type":"aws_ecs_service","name":"web-server-service","provider_config_key":"aws","expressions":{"cluster":{"references":["aws_ecs_cluster.ecs-cluster"]},"desired_count":{"constant_value":1},"launch_type":{"constant_value":"FARGATE"},"name":{"constant_value":"web-server-service"},"network_configuration":[{"assign_public_ip":{"constant_value":false},"security_groups":{"references":["aws_security_group.http-sg"]},"subnets":{"references":["aws_subnet.private-subnet"]}}],"task_definition":{"references":["aws_ecs_task_definition.web-server-task-definition"]}},"schema_version":0,"raw_data":{"FileName":"main.tf","StartLine":98,"EndLine":110}},{"address":"aws_ecs_task_definition.web-server-task-definition","mode":"managed","type":"aws_ecs_task_definition","name":"web-server-task-definition","provider_config_key":"aws","expressions":{"container_definitions":{"constant_value":"  [\n    {\n      \"name\": \"apache-web-server\",\n      \"image\": \"/ecr/repository/image/path\",\n      \"essential\": true,\n      \"portMappings\": [\n        {\n          \"containerPort\": 80,\n          \"hostPort\": 80,\n          \"protocol\": \"tcp\"\n        }\n      ]\n    }\n  ]\n"},"cpu":{"constant_value":"256"},"execution_role_arn":{"references":["data.aws_iam_role.ecs_task_execution_role"]},"family":{"constant_value":"web-server-task"},"memory":{"constant_value":"512"},"network_mode":{"constant_value":"awsvpc"},"requires_compatibilities":{"constant_value":["FARGATE"]},"task_role_arn":{"references":["aws_iam_role.ecs-instance-role"]}},"schema_version":1,"raw_data":{"FileName":"main.tf","StartLine":47,"EndLine":71}},{"address":"aws_iam_role.ecs-instance-role","mode":"managed","type":"aws_iam_role","name":"ecs-instance-role","provider_config_key":"aws","expressions":{"assume_role_policy":{"constant_value":"{\n  \"Version\": \"2012-10-17\",\n  \"Statement\": [\n    {\n      \"Action\": \"sts:AssumeRole\",\n      \"Principal\": {\n        \"Service\": \"ecs.amazonaws.com\"\n      },\n      \"Effect\": \"Allow\",\n      \"Sid\": \"\"\n    }\n  ]\n}\n"},"name":{"constant_value":"ecs-instance-role"}},"schema_version":0,"raw_data":{"FileName":"main.tf","StartLine":77,"EndLine":96}},{"address":"aws_iam_user.user-1","mode":"managed","type":"aws_iam_user","name":"user-1","provider_config_key":"aws","expressions":{"name":{"constant_value":"user-1"}},"schema_version":0,"raw_data":{"FileName":"main.tf","StartLine":112,"EndLine":114}},{"address":"aws_iam_user_policy.user-1-policy","mode":"managed","type":"aws_iam_user_policy","name":"user-1-policy","provider_config_key":"aws","expressions":{"name":{"constant_value":"user-1-policy"},"policy":{"constant_value":"{\n  \"Version\": \"2012-10-17\",\n  \"Statement\": [\n    {\n      \"Action\": [\n        \"ecs:*\"\n      ],\n      \"Effect\": \"Allow\",\n      \"Resource\": \"*\"\n    }\n  ]\n}\n"},"user":{"references":["aws_iam_user.user-1"]}},"schema_version":0,"raw_data":{"FileName":"main.tf","StartLine":116,"EndLine":134}},{"address":"aws_security_group.http-sg","mode":"managed","type":"aws_security_group","name":"http-sg","provider_config_key":"aws","expressions":{"name":{"constant_value":"sg"},"vpc_id":{"references":["aws_vpc.test-vpc"]}},"schema_version":1,"raw_data":{"FileName":"main.tf","StartLine":22,"EndLine":41}},{"address":"aws_subnet.private-subnet","mode":"managed","type":"aws_subnet","name":"private-subnet","provider_config_key":"aws","expressions":{"availability_zone":{"constant_value":"us-east-1a"},"cidr_block":{"references":["local.cidr_block"]},"vpc_id":{"references":["aws_vpc.test-vpc"]}},"schema_version":1,"raw_data":{"FileName":"main.tf","StartLine":16,"EndLine":20}},{"address":"aws_vpc.test-vpc","mode":"managed","type":"aws_vpc","name":"test-vpc","provider_config_key":"aws","expressions":{"cidr_block":{"references":["local.cidr_block"]}},"schema_version":1,"raw_data":{"FileName":"main.tf","StartLine":12,"EndLine":14}},{"address":"data.aws_iam_role.ecs_task_execution_role","mode":"data","type":"aws_iam_role","name":"ecs_task_execution_role","provider_config_key":"aws","expressions":{"name":{"constant_value":"AWSServiceRoleForECS"}},"schema_version":0,"raw_data":{"FileName":"main.tf","StartLine":73,"EndLine":75}}]}}}
