{"format_version":"0.1","terraform_version":"0.14.6","planned_values":{"root_module":{"resources":[{"address":"aws_default_security_group.default","mode":"managed","type":"aws_default_security_group","name":"default","provider_name":"registry.terraform.io/hashicorp/aws","schema_version":1,"values":{"egress":[{"cidr_blocks":null,"description":null,"from_port":0,"ipv6_cidr_blocks":null,"prefix_list_ids":null,"protocol":"-1","security_groups":null,"self":true,"to_port":0}],"ingress":[{"cidr_blocks":null,"description":null,"from_port":0,"ipv6_cidr_blocks":null,"prefix_list_ids":null,"protocol":"-1","security_groups":null,"self":true,"to_port":0}],"revoke_rules_on_delete":false,"tags":{"Name":"default_sg"},"tags_all":{"Name":"default_sg"},"vpc_id":"aws_default_vpc.default.id"}},{"address":"aws_default_vpc.default","mode":"managed","type":"aws_default_vpc","name":"default","provider_name":"registry.terraform.io/hashicorp/aws","schema_version":1,"values":{"enable_dns_support":true,"tags":null}}]}},"resource_changes":[{"address":"aws_default_security_group.default","mode":"managed","type":"aws_default_security_group","name":"default","provider_name":"registry.terraform.io/hashicorp/aws","change":{"actions":["create"],"before":null,"after":{"egress":[{"cidr_blocks":null,"description":null,"from_port":0,"ipv6_cidr_blocks":null,"prefix_list_ids":null,"protocol":"-1","security_groups":null,"self":true,"to_port":0}],"ingress":[{"cidr_blocks":null,"description":null,"from_port":0,"ipv6_cidr_blocks":null,"prefix_list_ids":null,"protocol":"-1","security_groups":null,"self":true,"to_port":0}],"revoke_rules_on_delete":false,"tags":{"Name":"default_sg"},"tags_all":{"Name":"default_sg"},"vpc_id":"aws_default_vpc.default.id"},"after_unknown":{"arn":true,"description":true,"egress":[{}],"id":true,"ingress":[{}],"name":true,"owner_id":true,"tags":{},"tags_all":{}}}},{"address":"aws_default_vpc.default","mode":"managed","type":"aws_default_vpc","name":"default","provider_name":"registry.terraform.io/hashicorp/aws","change":{"actions":["create"],"before":null,"after":{"enable_dns_support":true,"tags":null},"after_unknown":{"arn":true,"assign_generated_ipv6_cidr_block":true,"cidr_block":true,"default_network_acl_id":true,"default_route_table_id":true,"default_security_group_id":true,"dhcp_options_id":true,"enable_classiclink":true,"enable_classiclink_dns_support":true,"enable_dns_hostnames":true,"id":true,"instance_tenancy":true,"ipv6_association_id":true,"ipv6_cidr_block":true,"main_route_table_id":true,"owner_id":true,"tags_all":true}}}],"configuration":{"provider_config":{"aws":{"name":"aws","expressions":{"region":{"constant_value":"us-east-2"}}}},"root_module":{"resources":[{"address":"aws_default_security_group.default","mode":"managed","type":"aws_default_security_group","name":"default","provider_config_key":"aws","expressions":{"tags":{"constant_value":{"Name":"default_sg"}},"vpc_id":{"references":["aws_default_vpc.default"]}},"schema_version":1,"raw_data":{"FileName":"main.tf","StartLine":8,"EndLine":28}},{"address":"aws_default_vpc.default","mode":"managed","type":"aws_default_vpc","name":"default","provider_config_key":"aws","schema_version":1,"raw_data":{"FileName":"main.tf","StartLine":5,"EndLine":6}}]}}}
