{"format_version":"0.1","terraform_version":"0.13.4","planned_values":{"root_module":{"resources":[{"address":"azurerm_mssql_server.sql","mode":"managed","type":"azurerm_mssql_server","name":"sql","provider_name":"registry.terraform.io/hashicorp/azurerm","schema_version":0,"values":{"administrator_login":"4dm1n157r470r","administrator_login_password":"4-v3ry-53cr37-p455w0rd","azuread_administrator":[],"connection_policy":"Default","identity":[],"location":"westeurope","minimum_tls_version":null,"name":"cr2509-sqlserver","public_network_access_enabled":true,"resource_group_name":"cr2509-RG","tags":null,"timeouts":null,"version":"12.0"}},{"address":"azurerm_mssql_server_extended_auditing_policy.example","mode":"managed","type":"azurerm_mssql_server_extended_auditing_policy","name":"example","provider_name":"registry.terraform.io/hashicorp/azurerm","schema_version":0,"values":{"log_monitoring_enabled":true,"retention_in_days":0,"server_id":"azurerm_mssql_server.sql.id","storage_account_access_key":"azurerm_storage_account.example.primary_access_key","storage_account_access_key_is_secondary":false,"storage_endpoint":"azurerm_storage_account.example.primary_blob_endpoint","timeouts":null}},{"address":"azurerm_resource_group.rg","mode":"managed","type":"azurerm_resource_group","name":"rg","provider_name":"registry.terraform.io/hashicorp/azurerm","schema_version":0,"values":{"location":"westeurope","name":"cr2509-RG","tags":null,"timeouts":null}},{"address":"azurerm_storage_account.example","mode":"managed","type":"azurerm_storage_account","name":"example","provider_name":"registry.terraform.io/hashicorp/azurerm","schema_version":2,"values":{"account_kind":"StorageV2","account_replication_type":"LRS","account_tier":"Standard","allow_blob_public_access":false,"azure_files_authentication":[],"custom_domain":[],"enable_https_traffic_only":true,"is_hns_enabled":false,"location":"westeurope","min_tls_version":"TLS1_0","name":"cr2509tststacc","nfsv3_enabled":false,"resource_group_name":"cr2509-RG","static_website":[],"tags":null,"timeouts":null}}]}},"resource_changes":[{"address":"azurerm_mssql_server.sql","mode":"managed","type":"azurerm_mssql_server","name":"sql","provider_name":"registry.terraform.io/hashicorp/azurerm","change":{"actions":["create"],"before":null,"after":{"administrator_login":"4dm1n157r470r","administrator_login_password":"4-v3ry-53cr37-p455w0rd","azuread_administrator":[],"connection_policy":"Default","identity":[],"location":"westeurope","minimum_tls_version":null,"name":"cr2509-sqlserver","public_network_access_enabled":true,"resource_group_name":"cr2509-RG","tags":null,"timeouts":null,"version":"12.0"},"after_unknown":{"azuread_administrator":[],"extended_auditing_policy":true,"fully_qualified_domain_name":true,"id":true,"identity":[],"restorable_dropped_database_ids":true}}},{"address":"azurerm_mssql_server_extended_auditing_policy.example","mode":"managed","type":"azurerm_mssql_server_extended_auditing_policy","name":"example","provider_name":"registry.terraform.io/hashicorp/azurerm","change":{"actions":["create"],"before":null,"after":{"log_monitoring_enabled":true,"retention_in_days":0,"server_id":"azurerm_mssql_server.sql.id","storage_account_access_key":"azurerm_storage_account.example.primary_access_key","storage_account_access_key_is_secondary":false,"storage_endpoint":"azurerm_storage_account.example.primary_blob_endpoint","timeouts":null},"after_unknown":{"id":true}}},{"address":"azurerm_resource_group.rg","mode":"managed","type":"azurerm_resource_group","name":"rg","provider_name":"registry.terraform.io/hashicorp/azurerm","change":{"actions":["create"],"before":null,"after":{"location":"westeurope","name":"cr2509-RG","tags":null,"timeouts":null},"after_unknown":{"id":true}}},{"address":"azurerm_storage_account.example","mode":"managed","type":"azurerm_storage_account","name":"example","provider_name":"registry.terraform.io/hashicorp/azurerm","change":{"actions":["create"],"before":null,"after":{"account_kind":"StorageV2","account_replication_type":"LRS","account_tier":"Standard","allow_blob_public_access":false,"azure_files_authentication":[],"custom_domain":[],"enable_https_traffic_only":true,"is_hns_enabled":false,"location":"westeurope","min_tls_version":"TLS1_0","name":"cr2509tststacc","nfsv3_enabled":false,"resource_group_name":"cr2509-RG","static_website":[],"tags":null,"timeouts":null},"after_unknown":{"access_tier":true,"azure_files_authentication":[],"blob_properties":true,"custom_domain":[],"id":true,"identity":true,"large_file_share_enabled":true,"network_rules":true,"primary_access_key":true,"primary_blob_connection_string":true,"primary_blob_endpoint":true,"primary_blob_host":true,"primary_connection_string":true,"primary_dfs_endpoint":true,"primary_dfs_host":true,"primary_file_endpoint":true,"primary_file_host":true,"primary_location":true,"primary_queue_endpoint":true,"primary_queue_host":true,"primary_table_endpoint":true,"primary_table_host":true,"primary_web_endpoint":true,"primary_web_host":true,"queue_properties":true,"routing":true,"secondary_access_key":true,"secondary_blob_connection_string":true,"secondary_blob_endpoint":true,"secondary_blob_host":true,"secondary_connection_string":true,"secondary_dfs_endpoint":true,"secondary_dfs_host":true,"secondary_file_endpoint":true,"secondary_file_host":true,"secondary_location":true,"secondary_queue_endpoint":true,"secondary_queue_host":true,"secondary_table_endpoint":true,"secondary_table_host":true,"secondary_web_endpoint":true,"secondary_web_host":true,"share_properties":true,"static_website":[]}}}],"prior_state":{"format_version":"0.1","terraform_version":"0.13.4","values":{"root_module":{"resources":[{"address":"data.azurerm_client_config.current","mode":"data","type":"azurerm_client_config","name":"current","provider_name":"registry.terraform.io/hashicorp/azurerm","schema_version":0,"values":{"client_id":"04b07795-8ddb-461a-bbee-02f9e1bf7b46","id":"2021-07-21 09:45:18.017833 +0000 UTC","object_id":"ddc8b952-aa8e-4ae1-aa42-0dfdf4f15db3","subscription_id":"230613d8-3b34-4790-b650-36f31045f19a","tenant_id":"568db8f3-e402-4c09-baa9-692e42029cc7","timeouts":null}}]}}},"configuration":{"provider_config":{"azurerm":{"name":"azurerm","expressions":{"features":[{}]}}},"root_module":{"resources":[{"address":"azurerm_mssql_server.sql","mode":"managed","type":"azurerm_mssql_server","name":"sql","provider_config_key":"azurerm","expressions":{"administrator_login":{"constant_value":"4dm1n157r470r"},"administrator_login_password":{"constant_value":"4-v3ry-53cr37-p455w0rd"},"location":{"references":["azurerm_resource_group.rg"]},"name":{"references":["local.resource_prefix"]},"resource_group_name":{"references":["azurerm_resource_group.rg"]},"version":{"constant_value":"12.0"}},"schema_version":0,"raw_data":{"FileName":"main.tf","StartLine":22,"EndLine":29}},{"address":"azurerm_mssql_server_extended_auditing_policy.example","mode":"managed","type":"azurerm_mssql_server_extended_auditing_policy","name":"example","provider_config_key":"azurerm","expressions":{"server_id":{"references":["azurerm_mssql_server.sql"]},"storage_account_access_key":{"references":["azurerm_storage_account.example"]},"storage_account_access_key_is_secondary":{"constant_value":false},"storage_endpoint":{"references":["azurerm_storage_account.example"]}},"schema_version":0,"raw_data":{"FileName":"main.tf","StartLine":31,"EndLine":36}},{"address":"azurerm_resource_group.rg","mode":"managed","type":"azurerm_resource_group","name":"rg","provider_config_key":"azurerm","expressions":{"location":{"constant_value":"West Europe"},"name":{"references":["local.resource_prefix"]}},"schema_version":0,"raw_data":{"FileName":"main.tf","StartLine":9,"EndLine":12}},{"address":"azurerm_storage_account.example","mode":"managed","type":"azurerm_storage_account","name":"example","provider_config_key":"azurerm","expressions":{"account_replication_type":{"constant_value":"LRS"},"account_tier":{"constant_value":"Standard"},"location":{"references":["azurerm_resource_group.rg"]},"name":{"references":["local.resource_prefix"]},"resource_group_name":{"references":["azurerm_resource_group.rg"]}},"schema_version":2,"raw_data":{"FileName":"main.tf","StartLine":14,"EndLine":20}},{"address":"data.azurerm_client_config.current","mode":"data","type":"azurerm_client_config","name":"current","provider_config_key":"azurerm","schema_version":0,"raw_data":{"FileName":"main.tf","StartLine":7,"EndLine":7}}]}}}
