{"format_version":"0.1","terraform_version":"0.12.29","planned_values":{"root_module":{"resources":[{"address":"aws_s3_bucket.cloudrail","mode":"managed","type":"aws_s3_bucket","name":"cloudrail","provider_name":"aws","schema_version":0,"values":{"acl":"public-read-write","bucket":"cloudrail-non-encrypted-czx7zxchs","bucket_prefix":null,"cors_rule":[],"force_destroy":false,"grant":[],"lifecycle_rule":[],"logging":[],"object_lock_configuration":[],"policy":null,"replication_configuration":[],"server_side_encryption_configuration":[],"tags":null,"website":[]}},{"address":"aws_s3_bucket_public_access_block.cloudrail","mode":"managed","type":"aws_s3_bucket_public_access_block","name":"cloudrail","provider_name":"aws","schema_version":0,"values":{"block_public_acls":false,"block_public_policy":false,"bucket":"aws_s3_bucket.cloudrail.id","ignore_public_acls":false,"restrict_public_buckets":false}}]}},"resource_changes":[{"address":"aws_s3_bucket.cloudrail","mode":"managed","type":"aws_s3_bucket","name":"cloudrail","provider_name":"aws","change":{"actions":["create"],"before":null,"after":{"acl":"public-read-write","bucket":"cloudrail-non-encrypted-czx7zxchs","bucket_prefix":null,"cors_rule":[],"force_destroy":false,"grant":[],"lifecycle_rule":[],"logging":[],"object_lock_configuration":[],"policy":null,"replication_configuration":[],"server_side_encryption_configuration":[],"tags":null,"website":[]},"after_unknown":{"acceleration_status":true,"arn":true,"bucket_domain_name":true,"bucket_regional_domain_name":true,"cors_rule":[],"grant":[],"hosted_zone_id":true,"id":true,"lifecycle_rule":[],"logging":[],"object_lock_configuration":[],"region":true,"replication_configuration":[],"request_payer":true,"server_side_encryption_configuration":[],"versioning":true,"website":[],"website_domain":true,"website_endpoint":true}}},{"address":"aws_s3_bucket_public_access_block.cloudrail","mode":"managed","type":"aws_s3_bucket_public_access_block","name":"cloudrail","provider_name":"aws","change":{"actions":["create"],"before":null,"after":{"block_public_acls":false,"block_public_policy":false,"bucket":"aws_s3_bucket.cloudrail.id","ignore_public_acls":false,"restrict_public_buckets":false},"after_unknown":{"id":true}}}],"configuration":{"provider_config":{"aws":{"name":"aws","expressions":{"region":{"constant_value":"us-east-1"}}}},"root_module":{"resources":[{"address":"aws_s3_bucket.cloudrail","mode":"managed","type":"aws_s3_bucket","name":"cloudrail","provider_config_key":"aws","expressions":{"acl":{"constant_value":"public-read-write"},"bucket":{"constant_value":"cloudrail-non-encrypted-czx7zxchs"}},"schema_version":0,"raw_data":{"FileName":"main.tf","StartLine":5,"EndLine":8}},{"address":"aws_s3_bucket_public_access_block.cloudrail","mode":"managed","type":"aws_s3_bucket_public_access_block","name":"cloudrail","provider_config_key":"aws","expressions":{"block_public_acls":{"constant_value":false},"block_public_policy":{"constant_value":false},"bucket":{"references":["aws_s3_bucket.cloudrail"]},"ignore_public_acls":{"constant_value":false},"restrict_public_buckets":{"constant_value":false}},"schema_version":0,"raw_data":{"FileName":"main.tf","StartLine":10,"EndLine":16}}]}}}
