{
    "format_version": "0.2",
    "terraform_version": "1.0.3",
    "planned_values":
    {
        "root_module":
        {
            "resources":
            [
                {
                    "address": "azurerm_cosmosdb_account.db",
                    "mode": "managed",
                    "type": "azurerm_cosmosdb_account",
                    "name": "db",
                    "provider_name": "registry.terraform.io/hashicorp/azurerm",
                    "schema_version": 0,
                    "values":
                    {
                        "access_key_metadata_writes_enabled": true,
                        "analytical_storage_enabled": false,
                        "capabilities":
                        [],
                        "consistency_policy":
                        [
                            {
                                "consistency_level": "BoundedStaleness",
                                "max_interval_in_seconds": 400,
                                "max_staleness_prefix": 200000
                            }
                        ],
                        "cors_rule":
                        [],
                        "enable_automatic_failover": true,
                        "enable_free_tier": false,
                        "enable_multiple_write_locations": false,
                        "geo_location":
                        [
                            {
                                "failover_priority": 0,
                                "location": "westeurope",
                                "prefix": "",
                                "zone_redundant": false
                            },
                            {
                                "failover_priority": 1,
                                "location": "francecentral",
                                "prefix": "",
                                "zone_redundant": false
                            }
                        ],
                        "identity":
                        [],
                        "ip_range_filter": null,
                        "is_virtual_network_filter_enabled": false,
                        "key_vault_key_id": null,
                        "kind": "GlobalDocumentDB",
                        "local_authentication_disabled": false,
                        "location": "westeurope",
                        "network_acl_bypass_for_azure_services": false,
                        "network_acl_bypass_ids": null,
                        "offer_type": "Standard",
                        "public_network_access_enabled": true,
                        "resource_group_name": "cloudrailtest2-rg",
                        "tags": null,
                        "timeouts": null,
                        "virtual_network_rule":
                        []
                    },
                    "sensitive_values":
                    {
                        "backup":
                        [],
                        "capabilities":
                        [],
                        "connection_strings":
                        [],
                        "consistency_policy":
                        [
                            {}
                        ],
                        "cors_rule":
                        [],
                        "geo_location":
                        [
                            {},
                            {}
                        ],
                        "identity":
                        [],
                        "read_endpoints":
                        [],
                        "virtual_network_rule":
                        [],
                        "write_endpoints":
                        []
                    }
                },
                {
                    "address": "azurerm_cosmosdb_account.db2",
                    "mode": "managed",
                    "type": "azurerm_cosmosdb_account",
                    "name": "db2",
                    "provider_name": "registry.terraform.io/hashicorp/azurerm",
                    "schema_version": 0,
                    "values":
                    {
                        "access_key_metadata_writes_enabled": true,
                        "analytical_storage_enabled": false,
                        "capabilities":
                        [],
                        "consistency_policy":
                        [
                            {
                                "consistency_level": "BoundedStaleness",
                                "max_interval_in_seconds": 400,
                                "max_staleness_prefix": 200000
                            }
                        ],
                        "cors_rule":
                        [],
                        "enable_automatic_failover": true,
                        "enable_free_tier": false,
                        "enable_multiple_write_locations": false,
                        "geo_location":
                        [
                            {
                                "failover_priority": 0,
                                "location": "westeurope",
                                "prefix": "",
                                "zone_redundant": false
                            },
                            {
                                "failover_priority": 1,
                                "location": "francecentral",
                                "prefix": "",
                                "zone_redundant": false
                            }
                        ],
                        "identity":
                        [],
                        "ip_range_filter": null,
                        "is_virtual_network_filter_enabled": false,
                        "key_vault_key_id": null,
                        "kind": "GlobalDocumentDB",
                        "local_authentication_disabled": false,
                        "location": "westeurope",
                        "network_acl_bypass_for_azure_services": false,
                        "network_acl_bypass_ids": null,
                        "offer_type": "Standard",
                        "public_network_access_enabled": true,
                        "resource_group_name": "cloudrailtest2-rg",
                        "tags": null,
                        "timeouts": null,
                        "virtual_network_rule":
                        []
                    },
                    "sensitive_values":
                    {
                        "backup":
                        [],
                        "capabilities":
                        [],
                        "connection_strings":
                        [],
                        "consistency_policy":
                        [
                            {}
                        ],
                        "cors_rule":
                        [],
                        "geo_location":
                        [
                            {},
                            {}
                        ],
                        "identity":
                        [],
                        "read_endpoints":
                        [],
                        "virtual_network_rule":
                        [],
                        "write_endpoints":
                        []
                    }
                },
                {
                    "address": "azurerm_resource_group.rg",
                    "mode": "managed",
                    "type": "azurerm_resource_group",
                    "name": "rg",
                    "provider_name": "registry.terraform.io/hashicorp/azurerm",
                    "schema_version": 0,
                    "values":
                    {
                        "location": "westeurope",
                        "name": "cloudrailtest2-rg",
                        "tags": null,
                        "timeouts": null
                    },
                    "sensitive_values":
                    {}
                },
                {
                    "address": "random_integer.ri",
                    "mode": "managed",
                    "type": "random_integer",
                    "name": "ri",
                    "provider_name": "registry.terraform.io/hashicorp/random",
                    "schema_version": 0,
                    "values":
                    {
                        "keepers": null,
                        "max": 99999,
                        "min": 10000,
                        "seed": null
                    },
                    "sensitive_values":
                    {}
                }
            ]
        }
    },
    "resource_changes":
    [
        {
            "address": "azurerm_cosmosdb_account.db",
            "mode": "managed",
            "type": "azurerm_cosmosdb_account",
            "name": "db",
            "provider_name": "registry.terraform.io/hashicorp/azurerm",
            "change":
            {
                "actions":
                [
                    "create"
                ],
                "before": null,
                "after":
                {
                    "access_key_metadata_writes_enabled": true,
                    "analytical_storage_enabled": false,
                    "capabilities":
                    [],
                    "consistency_policy":
                    [
                        {
                            "consistency_level": "BoundedStaleness",
                            "max_interval_in_seconds": 400,
                            "max_staleness_prefix": 200000
                        }
                    ],
                    "cors_rule":
                    [],
                    "enable_automatic_failover": true,
                    "enable_free_tier": false,
                    "enable_multiple_write_locations": false,
                    "geo_location":
                    [
                        {
                            "failover_priority": 0,
                            "location": "westeurope",
                            "prefix": "",
                            "zone_redundant": false
                        },
                        {
                            "failover_priority": 1,
                            "location": "francecentral",
                            "prefix": "",
                            "zone_redundant": false
                        }
                    ],
                    "identity":
                    [],
                    "ip_range_filter": null,
                    "is_virtual_network_filter_enabled": false,
                    "key_vault_key_id": null,
                    "kind": "GlobalDocumentDB",
                    "local_authentication_disabled": false,
                    "location": "westeurope",
                    "network_acl_bypass_for_azure_services": false,
                    "network_acl_bypass_ids": null,
                    "offer_type": "Standard",
                    "public_network_access_enabled": true,
                    "resource_group_name": "cloudrailtest2-rg",
                    "tags": null,
                    "timeouts": null,
                    "virtual_network_rule":
                    []
                },
                "after_unknown":
                {
                    "backup": true,
                    "capabilities":
                    [],
                    "connection_strings": true,
                    "consistency_policy":
                    [
                        {}
                    ],
                    "cors_rule":
                    [],
                    "endpoint": true,
                    "geo_location":
                    [
                        {
                            "id": true
                        },
                        {
                            "id": true
                        }
                    ],
                    "id": true,
                    "identity":
                    [],
                    "mongo_server_version": true,
                    "name": true,
                    "primary_key": true,
                    "primary_master_key": true,
                    "primary_readonly_key": true,
                    "primary_readonly_master_key": true,
                    "read_endpoints": true,
                    "secondary_key": true,
                    "secondary_master_key": true,
                    "secondary_readonly_key": true,
                    "secondary_readonly_master_key": true,
                    "virtual_network_rule":
                    [],
                    "write_endpoints": true
                },
                "before_sensitive": false,
                "after_sensitive":
                {
                    "backup":
                    [],
                    "capabilities":
                    [],
                    "connection_strings": true,
                    "consistency_policy":
                    [
                        {}
                    ],
                    "cors_rule":
                    [],
                    "geo_location":
                    [
                        {},
                        {}
                    ],
                    "identity":
                    [],
                    "primary_key": true,
                    "primary_master_key": true,
                    "primary_readonly_key": true,
                    "primary_readonly_master_key": true,
                    "read_endpoints":
                    [],
                    "secondary_key": true,
                    "secondary_master_key": true,
                    "secondary_readonly_key": true,
                    "secondary_readonly_master_key": true,
                    "virtual_network_rule":
                    [],
                    "write_endpoints":
                    []
                }
            }
        },
        {
            "address": "azurerm_cosmosdb_account.db2",
            "mode": "managed",
            "type": "azurerm_cosmosdb_account",
            "name": "db2",
            "provider_name": "registry.terraform.io/hashicorp/azurerm",
            "change":
            {
                "actions":
                [
                    "create"
                ],
                "before": null,
                "after":
                {
                    "access_key_metadata_writes_enabled": true,
                    "analytical_storage_enabled": false,
                    "capabilities":
                    [],
                    "consistency_policy":
                    [
                        {
                            "consistency_level": "BoundedStaleness",
                            "max_interval_in_seconds": 400,
                            "max_staleness_prefix": 200000
                        }
                    ],
                    "cors_rule":
                    [],
                    "enable_automatic_failover": true,
                    "enable_free_tier": false,
                    "enable_multiple_write_locations": false,
                    "geo_location":
                    [
                        {
                            "failover_priority": 0,
                            "location": "westeurope",
                            "prefix": "",
                            "zone_redundant": false
                        },
                        {
                            "failover_priority": 1,
                            "location": "francecentral",
                            "prefix": "",
                            "zone_redundant": false
                        }
                    ],
                    "identity":
                    [],
                    "ip_range_filter": null,
                    "is_virtual_network_filter_enabled": false,
                    "key_vault_key_id": null,
                    "kind": "GlobalDocumentDB",
                    "local_authentication_disabled": false,
                    "location": "westeurope",
                    "network_acl_bypass_for_azure_services": false,
                    "network_acl_bypass_ids": null,
                    "offer_type": "Standard",
                    "public_network_access_enabled": true,
                    "resource_group_name": "cloudrailtest2-rg",
                    "tags": null,
                    "timeouts": null,
                    "virtual_network_rule":
                    []
                },
                "after_unknown":
                {
                    "backup": true,
                    "capabilities":
                    [],
                    "connection_strings": true,
                    "consistency_policy":
                    [
                        {}
                    ],
                    "cors_rule":
                    [],
                    "endpoint": true,
                    "geo_location":
                    [
                        {
                            "id": true
                        },
                        {
                            "id": true
                        }
                    ],
                    "id": true,
                    "identity":
                    [],
                    "mongo_server_version": true,
                    "name": true,
                    "primary_key": true,
                    "primary_master_key": true,
                    "primary_readonly_key": true,
                    "primary_readonly_master_key": true,
                    "read_endpoints": true,
                    "secondary_key": true,
                    "secondary_master_key": true,
                    "secondary_readonly_key": true,
                    "secondary_readonly_master_key": true,
                    "virtual_network_rule":
                    [],
                    "write_endpoints": true
                },
                "before_sensitive": false,
                "after_sensitive":
                {
                    "backup":
                    [],
                    "capabilities":
                    [],
                    "connection_strings": true,
                    "consistency_policy":
                    [
                        {}
                    ],
                    "cors_rule":
                    [],
                    "geo_location":
                    [
                        {},
                        {}
                    ],
                    "identity":
                    [],
                    "primary_key": true,
                    "primary_master_key": true,
                    "primary_readonly_key": true,
                    "primary_readonly_master_key": true,
                    "read_endpoints":
                    [],
                    "secondary_key": true,
                    "secondary_master_key": true,
                    "secondary_readonly_key": true,
                    "secondary_readonly_master_key": true,
                    "virtual_network_rule":
                    [],
                    "write_endpoints":
                    []
                }
            }
        },
        {
            "address": "azurerm_resource_group.rg",
            "mode": "managed",
            "type": "azurerm_resource_group",
            "name": "rg",
            "provider_name": "registry.terraform.io/hashicorp/azurerm",
            "change":
            {
                "actions":
                [
                    "create"
                ],
                "before": null,
                "after":
                {
                    "location": "westeurope",
                    "name": "cloudrailtest2-rg",
                    "tags": null,
                    "timeouts": null
                },
                "after_unknown":
                {
                    "id": true
                },
                "before_sensitive": false,
                "after_sensitive":
                {}
            }
        },
        {
            "address": "random_integer.ri",
            "mode": "managed",
            "type": "random_integer",
            "name": "ri",
            "provider_name": "registry.terraform.io/hashicorp/random",
            "change":
            {
                "actions":
                [
                    "create"
                ],
                "before": null,
                "after":
                {
                    "keepers": null,
                    "max": 99999,
                    "min": 10000,
                    "seed": null
                },
                "after_unknown":
                {
                    "id": true,
                    "result": true
                },
                "before_sensitive": false,
                "after_sensitive":
                {}
            }
        }
    ],
    "configuration":
    {
        "provider_config":
        {
            "azurerm":
            {
                "name": "azurerm",
                "expressions":
                {
                    "features":
                    [
                        {}
                    ]
                }
            }
        },
        "root_module":
        {
            "resources":
            [
                {
                    "address": "azurerm_cosmosdb_account.db",
                    "mode": "managed",
                    "type": "azurerm_cosmosdb_account",
                    "name": "db",
                    "provider_config_key": "azurerm",
                    "expressions":
                    {
                        "consistency_policy":
                        [
                            {
                                "consistency_level":
                                {
                                    "constant_value": "BoundedStaleness"
                                },
                                "max_interval_in_seconds":
                                {
                                    "constant_value": 400
                                },
                                "max_staleness_prefix":
                                {
                                    "constant_value": 200000
                                }
                            }
                        ],
                        "enable_automatic_failover":
                        {
                            "constant_value": true
                        },
                        "geo_location":
                        [
                            {
                                "failover_priority":
                                {
                                    "constant_value": 0
                                },
                                "location":
                                {
                                    "references":
                                    [
                                        "azurerm_resource_group.rg.location",
                                        "azurerm_resource_group.rg"
                                    ]
                                }
                            },
                            {
                                "failover_priority":
                                {
                                    "constant_value": 1
                                },
                                "location":
                                {
                                    "constant_value": "France Central"
                                }
                            }
                        ],
                        "kind":
                        {
                            "constant_value": "GlobalDocumentDB"
                        },
                        "location":
                        {
                            "references":
                            [
                                "azurerm_resource_group.rg.location",
                                "azurerm_resource_group.rg"
                            ]
                        },
                        "name":
                        {
                            "references":
                            [
                                "random_integer.ri.result",
                                "random_integer.ri"
                            ]
                        },
                        "offer_type":
                        {
                            "constant_value": "Standard"
                        },
                        "public_network_access_enabled":
                        {
                            "constant_value": true
                        },
                        "resource_group_name":
                        {
                            "references":
                            [
                                "azurerm_resource_group.rg.name",
                                "azurerm_resource_group.rg"
                            ]
                        }
                    },
                    "schema_version": 0
                },
                {
                    "address": "azurerm_cosmosdb_account.db2",
                    "mode": "managed",
                    "type": "azurerm_cosmosdb_account",
                    "name": "db2",
                    "provider_config_key": "azurerm",
                    "expressions":
                    {
                        "consistency_policy":
                        [
                            {
                                "consistency_level":
                                {
                                    "constant_value": "BoundedStaleness"
                                },
                                "max_interval_in_seconds":
                                {
                                    "constant_value": 400
                                },
                                "max_staleness_prefix":
                                {
                                    "constant_value": 200000
                                }
                            }
                        ],
                        "enable_automatic_failover":
                        {
                            "constant_value": true
                        },
                        "geo_location":
                        [
                            {
                                "failover_priority":
                                {
                                    "constant_value": 0
                                },
                                "location":
                                {
                                    "references":
                                    [
                                        "azurerm_resource_group.rg.location",
                                        "azurerm_resource_group.rg"
                                    ]
                                }
                            },
                            {
                                "failover_priority":
                                {
                                    "constant_value": 1
                                },
                                "location":
                                {
                                    "constant_value": "France Central"
                                }
                            }
                        ],
                        "kind":
                        {
                            "constant_value": "GlobalDocumentDB"
                        },
                        "location":
                        {
                            "references":
                            [
                                "azurerm_resource_group.rg.location",
                                "azurerm_resource_group.rg"
                            ]
                        },
                        "name":
                        {
                            "references":
                            [
                                "random_integer.ri.result",
                                "random_integer.ri"
                            ]
                        },
                        "offer_type":
                        {
                            "constant_value": "Standard"
                        },
                        "public_network_access_enabled":
                        {
                            "constant_value": true
                        },
                        "resource_group_name":
                        {
                            "references":
                            [
                                "azurerm_resource_group.rg.name",
                                "azurerm_resource_group.rg"
                            ]
                        }
                    },
                    "schema_version": 0
                },
                {
                    "address": "azurerm_resource_group.rg",
                    "mode": "managed",
                    "type": "azurerm_resource_group",
                    "name": "rg",
                    "provider_config_key": "azurerm",
                    "expressions":
                    {
                        "location":
                        {
                            "constant_value": "West Europe"
                        },
                        "name":
                        {
                            "constant_value": "cloudrailtest2-rg"
                        }
                    },
                    "schema_version": 0
                },
                {
                    "address": "random_integer.ri",
                    "mode": "managed",
                    "type": "random_integer",
                    "name": "ri",
                    "provider_config_key": "random",
                    "expressions":
                    {
                        "max":
                        {
                            "constant_value": 99999
                        },
                        "min":
                        {
                            "constant_value": 10000
                        }
                    },
                    "schema_version": 0
                }
            ]
        }
    }
}