{"format_version":"0.1","terraform_version":"0.14.6","planned_values":{"root_module":{"resources":[{"address":"google_sql_database_instance.test-079","mode":"managed","type":"google_sql_database_instance","name":"test-079","provider_name":"registry.terraform.io/hashicorp/google","schema_version":0,"values":{"clone":[],"database_version":"MYSQL_5_6","deletion_protection":false,"name":"test-instance-079","region":"us-west1","restore_backup_context":[],"root_password":null,"settings":[{"activation_policy":"ALWAYS","availability_type":"ZONAL","backup_configuration":[{"binary_log_enabled":null,"enabled":true,"location":null,"point_in_time_recovery_enabled":null,"start_time":"00:00"}],"collation":null,"database_flags":[],"disk_autoresize":true,"disk_autoresize_limit":0,"disk_type":"PD_SSD","insights_config":[],"maintenance_window":[],"pricing_plan":"PER_USE","tier":"db-f1-micro"}],"timeouts":null}},{"address":"google_sql_database_instance.test-080","mode":"managed","type":"google_sql_database_instance","name":"test-080","provider_name":"registry.terraform.io/hashicorp/google","schema_version":0,"values":{"clone":[],"database_version":"MYSQL_8_0","deletion_protection":false,"name":"test-instance-080","region":"us-west1","restore_backup_context":[],"root_password":null,"settings":[{"activation_policy":"ALWAYS","availability_type":"ZONAL","backup_configuration":[{"binary_log_enabled":null,"enabled":true,"location":null,"point_in_time_recovery_enabled":null,"start_time":"00:00"}],"collation":null,"database_flags":[],"disk_autoresize":true,"disk_autoresize_limit":0,"disk_type":"PD_SSD","insights_config":[],"maintenance_window":[],"pricing_plan":"PER_USE","tier":"db-f1-micro"}],"timeouts":null}}]}},"resource_changes":[{"address":"google_sql_database_instance.test-079","mode":"managed","type":"google_sql_database_instance","name":"test-079","provider_name":"registry.terraform.io/hashicorp/google","change":{"actions":["create"],"before":null,"after":{"clone":[],"database_version":"MYSQL_5_6","deletion_protection":false,"name":"test-instance-079","region":"us-west1","restore_backup_context":[],"root_password":null,"settings":[{"activation_policy":"ALWAYS","availability_type":"ZONAL","backup_configuration":[{"binary_log_enabled":null,"enabled":true,"location":null,"point_in_time_recovery_enabled":null,"start_time":"00:00"}],"collation":null,"database_flags":[],"disk_autoresize":true,"disk_autoresize_limit":0,"disk_type":"PD_SSD","insights_config":[],"maintenance_window":[],"pricing_plan":"PER_USE","tier":"db-f1-micro"}],"timeouts":null},"after_unknown":{"clone":[],"connection_name":true,"first_ip_address":true,"id":true,"ip_address":true,"master_instance_name":true,"private_ip_address":true,"project":true,"public_ip_address":true,"replica_configuration":true,"restore_backup_context":[],"self_link":true,"server_ca_cert":true,"service_account_email_address":true,"settings":[{"backup_configuration":[{"backup_retention_settings":true,"transaction_log_retention_days":true}],"database_flags":[],"disk_size":true,"insights_config":[],"ip_configuration":true,"location_preference":true,"maintenance_window":[],"user_labels":true,"version":true}]}}},{"address":"google_sql_database_instance.test-080","mode":"managed","type":"google_sql_database_instance","name":"test-080","provider_name":"registry.terraform.io/hashicorp/google","change":{"actions":["create"],"before":null,"after":{"clone":[],"database_version":"MYSQL_8_0","deletion_protection":false,"name":"test-instance-080","region":"us-west1","restore_backup_context":[],"root_password":null,"settings":[{"activation_policy":"ALWAYS","availability_type":"ZONAL","backup_configuration":[{"binary_log_enabled":null,"enabled":true,"location":null,"point_in_time_recovery_enabled":null,"start_time":"00:00"}],"collation":null,"database_flags":[],"disk_autoresize":true,"disk_autoresize_limit":0,"disk_type":"PD_SSD","insights_config":[],"maintenance_window":[],"pricing_plan":"PER_USE","tier":"db-f1-micro"}],"timeouts":null},"after_unknown":{"clone":[],"connection_name":true,"first_ip_address":true,"id":true,"ip_address":true,"master_instance_name":true,"private_ip_address":true,"project":true,"public_ip_address":true,"replica_configuration":true,"restore_backup_context":[],"self_link":true,"server_ca_cert":true,"service_account_email_address":true,"settings":[{"backup_configuration":[{"backup_retention_settings":true,"transaction_log_retention_days":true}],"database_flags":[],"disk_size":true,"insights_config":[],"ip_configuration":true,"location_preference":true,"maintenance_window":[],"user_labels":true,"version":true}]}}}],"configuration":{"provider_config":{"google":{"name":"google","expressions":{"project":{"constant_value":"dev-joe-coniglio"},"region":{"constant_value":"us-west1"}}}},"root_module":{"resources":[{"address":"google_sql_database_instance.test-079","mode":"managed","type":"google_sql_database_instance","name":"test-079","provider_config_key":"google","expressions":{"database_version":{"constant_value":"MYSQL_5_6"},"deletion_protection":{"constant_value":false},"name":{"constant_value":"test-instance-079"},"region":{"constant_value":"us-west1"},"settings":[{"backup_configuration":[{"enabled":{"constant_value":true},"start_time":{"constant_value":"00:00"}}],"tier":{"constant_value":"db-f1-micro"}}]},"schema_version":0,"raw_data":{"FileName":"main.tf","StartLine":6,"EndLine":20}},{"address":"google_sql_database_instance.test-080","mode":"managed","type":"google_sql_database_instance","name":"test-080","provider_config_key":"google","expressions":{"database_version":{"constant_value":"MYSQL_8_0"},"deletion_protection":{"constant_value":false},"name":{"constant_value":"test-instance-080"},"region":{"constant_value":"us-west1"},"settings":[{"backup_configuration":[{"enabled":{"constant_value":true},"start_time":{"constant_value":"00:00"}}],"tier":{"constant_value":"db-f1-micro"}}]},"schema_version":0,"raw_data":{"FileName":"main.tf","StartLine":22,"EndLine":35}}]}}}
