{"format_version":"0.2","terraform_version":"1.0.3","planned_values":{"root_module":{"resources":[{"address":"azurerm_postgresql_configuration.test1","mode":"managed","type":"azurerm_postgresql_configuration","name":"test1","provider_name":"registry.terraform.io/hashicorp/azurerm","schema_version":0,"values":{"name":"connection_throttling","resource_group_name":"cr3692-RG","server_name":"cr3692-postgresql-server","timeouts":null,"value":"on"},"sensitive_values":{}},{"address":"azurerm_postgresql_configuration.test2","mode":"managed","type":"azurerm_postgresql_configuration","name":"test2","provider_name":"registry.terraform.io/hashicorp/azurerm","schema_version":0,"values":{"name":"connection_throttling","resource_group_name":"cr3692-RG","server_name":"cr3692-postgresql-server2","timeouts":null,"value":"on"},"sensitive_values":{}},{"address":"azurerm_postgresql_server.test1","mode":"managed","type":"azurerm_postgresql_server","name":"test1","provider_name":"registry.terraform.io/hashicorp/azurerm","schema_version":0,"values":{"administrator_login":"psqladminun","administrator_login_password":"H@Sh1CoR3!","auto_grow_enabled":true,"backup_retention_days":7,"create_mode":"Default","creation_source_server_id":null,"geo_redundant_backup_enabled":false,"identity":[{"type":"SystemAssigned"}],"infrastructure_encryption_enabled":false,"location":"westeurope","name":"cr3692-postgresql-server","public_network_access_enabled":true,"resource_group_name":"cr3692-RG","restore_point_in_time":null,"sku_name":"GP_Gen5_2","ssl_enforcement_enabled":true,"ssl_minimal_tls_version_enforced":"TLS1_2","storage_mb":5120,"tags":{"environment":"production"},"threat_detection_policy":[{"disabled_alerts":["Access_Anomaly"],"email_account_admins":false,"email_addresses":["admin@fake.com"],"enabled":false,"retention_days":1}],"timeouts":null,"version":"11"},"sensitive_values":{"identity":[{}],"storage_profile":[],"tags":{},"threat_detection_policy":[{"disabled_alerts":[false],"email_addresses":[false],"storage_account_access_key":true}]}},{"address":"azurerm_postgresql_server.test2","mode":"managed","type":"azurerm_postgresql_server","name":"test2","provider_name":"registry.terraform.io/hashicorp/azurerm","schema_version":0,"values":{"administrator_login_password":null,"auto_grow_enabled":true,"create_mode":"PointInTimeRestore","identity":[],"infrastructure_encryption_enabled":false,"location":"westeurope","name":"cr3692-postgresql-server2","public_network_access_enabled":true,"resource_group_name":"cr3692-RG","sku_name":"GP_Gen5_2","ssl_enforcement_enabled":true,"ssl_minimal_tls_version_enforced":"TLS1_2","tags":null,"threat_detection_policy":[],"timeouts":null,"version":"11"},"sensitive_values":{"identity":[],"storage_profile":[],"threat_detection_policy":[]}},{"address":"azurerm_resource_group.rg","mode":"managed","type":"azurerm_resource_group","name":"rg","provider_name":"registry.terraform.io/hashicorp/azurerm","schema_version":0,"values":{"location":"westeurope","name":"cr3692-RG","tags":null,"timeouts":null},"sensitive_values":{}},{"address":"azurerm_storage_account.test","mode":"managed","type":"azurerm_storage_account","name":"test","provider_name":"registry.terraform.io/hashicorp/azurerm","schema_version":2,"values":{"account_kind":"StorageV2","account_replication_type":"GRS","account_tier":"Standard","allow_blob_public_access":false,"azure_files_authentication":[],"custom_domain":[],"enable_https_traffic_only":true,"is_hns_enabled":false,"location":"westeurope","min_tls_version":"TLS1_0","name":"cr3692stgacc","nfsv3_enabled":false,"queue_encryption_key_type":"Service","resource_group_name":"cr3692-RG","shared_access_key_enabled":true,"static_website":[],"table_encryption_key_type":"Service","tags":null,"timeouts":null},"sensitive_values":{"azure_files_authentication":[],"blob_properties":[],"custom_domain":[],"identity":[],"network_rules":[],"queue_properties":[],"routing":[],"share_properties":[],"static_website":[]}},{"address":"data.local_file.restore_time","mode":"data","type":"local_file","name":"restore_time","provider_name":"registry.terraform.io/hashicorp/local","schema_version":0,"values":{"filename":"./restore_time.txt"},"sensitive_values":{}},{"address":"null_resource.restore_time","mode":"managed","type":"null_resource","name":"restore_time","provider_name":"registry.terraform.io/hashicorp/null","schema_version":0,"values":{"triggers":null},"sensitive_values":{}},{"address":"time_sleep.wait_10_min","mode":"managed","type":"time_sleep","name":"wait_10_min","provider_name":"registry.terraform.io/hashicorp/time","schema_version":0,"values":{"create_duration":"15m","destroy_duration":null,"triggers":null},"sensitive_values":{}},{"address":"time_sleep.wait_2_min","mode":"managed","type":"time_sleep","name":"wait_2_min","provider_name":"registry.terraform.io/hashicorp/time","schema_version":0,"values":{"create_duration":"2m","destroy_duration":null,"triggers":null},"sensitive_values":{}}]}},"resource_changes":[{"address":"azurerm_postgresql_configuration.test1","mode":"managed","type":"azurerm_postgresql_configuration","name":"test1","provider_name":"registry.terraform.io/hashicorp/azurerm","change":{"actions":["create"],"before":null,"after":{"name":"connection_throttling","resource_group_name":"cr3692-RG","server_name":"cr3692-postgresql-server","timeouts":null,"value":"on"},"after_unknown":{"id":true},"before_sensitive":false,"after_sensitive":{}}},{"address":"azurerm_postgresql_configuration.test2","mode":"managed","type":"azurerm_postgresql_configuration","name":"test2","provider_name":"registry.terraform.io/hashicorp/azurerm","change":{"actions":["create"],"before":null,"after":{"name":"connection_throttling","resource_group_name":"cr3692-RG","server_name":"cr3692-postgresql-server2","timeouts":null,"value":"on"},"after_unknown":{"id":true},"before_sensitive":false,"after_sensitive":{}}},{"address":"azurerm_postgresql_server.test1","mode":"managed","type":"azurerm_postgresql_server","name":"test1","provider_name":"registry.terraform.io/hashicorp/azurerm","change":{"actions":["create"],"before":null,"after":{"administrator_login":"psqladminun","administrator_login_password":"H@Sh1CoR3!","auto_grow_enabled":true,"backup_retention_days":7,"create_mode":"Default","creation_source_server_id":null,"geo_redundant_backup_enabled":false,"identity":[{"type":"SystemAssigned"}],"infrastructure_encryption_enabled":false,"location":"westeurope","name":"cr3692-postgresql-server","public_network_access_enabled":true,"resource_group_name":"cr3692-RG","restore_point_in_time":null,"sku_name":"GP_Gen5_2","ssl_enforcement_enabled":true,"ssl_minimal_tls_version_enforced":"TLS1_2","storage_mb":5120,"tags":{"environment":"production"},"threat_detection_policy":[{"disabled_alerts":["Access_Anomaly"],"email_account_admins":false,"email_addresses":["admin@fake.com"],"enabled":false,"retention_days":1}],"timeouts":null,"version":"11"},"after_unknown":{"fqdn":true,"id":true,"identity":[{"principal_id":true,"tenant_id":true}],"ssl_enforcement":true,"storage_profile":true,"tags":{},"threat_detection_policy":[{"disabled_alerts":[false],"email_addresses":[false],"storage_account_access_key":true,"storage_endpoint":true}]},"before_sensitive":false,"after_sensitive":{"administrator_login_password":true,"identity":[{}],"storage_profile":[],"tags":{},"threat_detection_policy":[{"disabled_alerts":[false],"email_addresses":[false],"storage_account_access_key":true}]}}},{"address":"azurerm_postgresql_server.test2","mode":"managed","type":"azurerm_postgresql_server","name":"test2","provider_name":"registry.terraform.io/hashicorp/azurerm","change":{"actions":["create"],"before":null,"after":{"administrator_login_password":null,"auto_grow_enabled":true,"create_mode":"PointInTimeRestore","identity":[],"infrastructure_encryption_enabled":false,"location":"westeurope","name":"cr3692-postgresql-server2","public_network_access_enabled":true,"resource_group_name":"cr3692-RG","sku_name":"GP_Gen5_2","ssl_enforcement_enabled":true,"ssl_minimal_tls_version_enforced":"TLS1_2","tags":null,"threat_detection_policy":[],"timeouts":null,"version":"11"},"after_unknown":{"administrator_login":true,"backup_retention_days":true,"creation_source_server_id":true,"fqdn":true,"geo_redundant_backup_enabled":true,"id":true,"identity":[],"restore_point_in_time":true,"ssl_enforcement":true,"storage_mb":true,"storage_profile":true,"threat_detection_policy":[]},"before_sensitive":false,"after_sensitive":{"administrator_login_password":true,"identity":[],"storage_profile":[],"threat_detection_policy":[]}}},{"address":"azurerm_resource_group.rg","mode":"managed","type":"azurerm_resource_group","name":"rg","provider_name":"registry.terraform.io/hashicorp/azurerm","change":{"actions":["create"],"before":null,"after":{"location":"westeurope","name":"cr3692-RG","tags":null,"timeouts":null},"after_unknown":{"id":true},"before_sensitive":false,"after_sensitive":{}}},{"address":"azurerm_storage_account.test","mode":"managed","type":"azurerm_storage_account","name":"test","provider_name":"registry.terraform.io/hashicorp/azurerm","change":{"actions":["create"],"before":null,"after":{"account_kind":"StorageV2","account_replication_type":"GRS","account_tier":"Standard","allow_blob_public_access":false,"azure_files_authentication":[],"custom_domain":[],"enable_https_traffic_only":true,"is_hns_enabled":false,"location":"westeurope","min_tls_version":"TLS1_0","name":"cr3692stgacc","nfsv3_enabled":false,"queue_encryption_key_type":"Service","resource_group_name":"cr3692-RG","shared_access_key_enabled":true,"static_website":[],"table_encryption_key_type":"Service","tags":null,"timeouts":null},"after_unknown":{"access_tier":true,"azure_files_authentication":[],"blob_properties":true,"custom_domain":[],"id":true,"identity":true,"large_file_share_enabled":true,"network_rules":true,"primary_access_key":true,"primary_blob_connection_string":true,"primary_blob_endpoint":true,"primary_blob_host":true,"primary_connection_string":true,"primary_dfs_endpoint":true,"primary_dfs_host":true,"primary_file_endpoint":true,"primary_file_host":true,"primary_location":true,"primary_queue_endpoint":true,"primary_queue_host":true,"primary_table_endpoint":true,"primary_table_host":true,"primary_web_endpoint":true,"primary_web_host":true,"queue_properties":true,"routing":true,"secondary_access_key":true,"secondary_blob_connection_string":true,"secondary_blob_endpoint":true,"secondary_blob_host":true,"secondary_connection_string":true,"secondary_dfs_endpoint":true,"secondary_dfs_host":true,"secondary_file_endpoint":true,"secondary_file_host":true,"secondary_location":true,"secondary_queue_endpoint":true,"secondary_queue_host":true,"secondary_table_endpoint":true,"secondary_table_host":true,"secondary_web_endpoint":true,"secondary_web_host":true,"share_properties":true,"static_website":[]},"before_sensitive":false,"after_sensitive":{"azure_files_authentication":[],"blob_properties":[],"custom_domain":[],"identity":[],"network_rules":[],"primary_access_key":true,"primary_blob_connection_string":true,"primary_connection_string":true,"queue_properties":[],"routing":[],"secondary_access_key":true,"secondary_blob_connection_string":true,"secondary_connection_string":true,"share_properties":[],"static_website":[]}}},{"address":"data.local_file.restore_time","mode":"data","type":"local_file","name":"restore_time","provider_name":"registry.terraform.io/hashicorp/local","change":{"actions":["read"],"before":null,"after":{"filename":"./restore_time.txt"},"after_unknown":{"content":true,"content_base64":true,"id":true},"before_sensitive":false,"after_sensitive":{}}},{"address":"null_resource.restore_time","mode":"managed","type":"null_resource","name":"restore_time","provider_name":"registry.terraform.io/hashicorp/null","change":{"actions":["create"],"before":null,"after":{"triggers":null},"after_unknown":{"id":true},"before_sensitive":false,"after_sensitive":{}}},{"address":"time_sleep.wait_10_min","mode":"managed","type":"time_sleep","name":"wait_10_min","provider_name":"registry.terraform.io/hashicorp/time","change":{"actions":["create"],"before":null,"after":{"create_duration":"15m","destroy_duration":null,"triggers":null},"after_unknown":{"id":true},"before_sensitive":false,"after_sensitive":{}}},{"address":"time_sleep.wait_2_min","mode":"managed","type":"time_sleep","name":"wait_2_min","provider_name":"registry.terraform.io/hashicorp/time","change":{"actions":["create"],"before":null,"after":{"create_duration":"2m","destroy_duration":null,"triggers":null},"after_unknown":{"id":true},"before_sensitive":false,"after_sensitive":{}}}],"configuration":{"provider_config":{"azurerm":{"name":"azurerm","expressions":{"features":[{}]}}},"root_module":{"resources":[{"address":"azurerm_postgresql_configuration.test1","mode":"managed","type":"azurerm_postgresql_configuration","name":"test1","provider_config_key":"azurerm","expressions":{"name":{"constant_value":"connection_throttling"},"resource_group_name":{"references":["azurerm_resource_group.rg.name","azurerm_resource_group.rg"]},"server_name":{"references":["azurerm_postgresql_server.test1.name","azurerm_postgresql_server.test1"]},"value":{"constant_value":"on"}},"schema_version":0,"depends_on":["time_sleep.wait_2_min"]},{"address":"azurerm_postgresql_configuration.test2","mode":"managed","type":"azurerm_postgresql_configuration","name":"test2","provider_config_key":"azurerm","expressions":{"name":{"constant_value":"connection_throttling"},"resource_group_name":{"references":["azurerm_resource_group.rg.name","azurerm_resource_group.rg"]},"server_name":{"references":["azurerm_postgresql_server.test2.name","azurerm_postgresql_server.test2"]},"value":{"constant_value":"on"}},"schema_version":0},{"address":"azurerm_postgresql_server.test1","mode":"managed","type":"azurerm_postgresql_server","name":"test1","provider_config_key":"azurerm","expressions":{"administrator_login":{"constant_value":"psqladminun"},"administrator_login_password":{"constant_value":"H@Sh1CoR3!"},"auto_grow_enabled":{"constant_value":true},"backup_retention_days":{"constant_value":7},"create_mode":{"constant_value":"Default"},"geo_redundant_backup_enabled":{"constant_value":false},"identity":[{"type":{"constant_value":"SystemAssigned"}}],"infrastructure_encryption_enabled":{"constant_value":false},"location":{"references":["azurerm_resource_group.rg.location","azurerm_resource_group.rg"]},"name":{"references":["local.resource_prefix"]},"public_network_access_enabled":{"constant_value":true},"resource_group_name":{"references":["azurerm_resource_group.rg.name","azurerm_resource_group.rg"]},"sku_name":{"constant_value":"GP_Gen5_2"},"ssl_enforcement_enabled":{"constant_value":true},"ssl_minimal_tls_version_enforced":{"constant_value":"TLS1_2"},"storage_mb":{"constant_value":5120},"tags":{"constant_value":{"environment":"production"}},"threat_detection_policy":[{"disabled_alerts":{"constant_value":["Access_Anomaly"]},"email_account_admins":{"constant_value":false},"email_addresses":{"constant_value":["admin@fake.com"]},"enabled":{"constant_value":false},"retention_days":{"constant_value":1},"storage_account_access_key":{"references":["azurerm_storage_account.test.primary_access_key","azurerm_storage_account.test"]},"storage_endpoint":{"references":["azurerm_storage_account.test.primary_blob_endpoint","azurerm_storage_account.test"]}}],"version":{"constant_value":"11"}},"schema_version":0},{"address":"azurerm_postgresql_server.test2","mode":"managed","type":"azurerm_postgresql_server","name":"test2","provider_config_key":"azurerm","expressions":{"auto_grow_enabled":{"constant_value":true},"create_mode":{"constant_value":"PointInTimeRestore"},"creation_source_server_id":{"references":["azurerm_postgresql_server.test1.id","azurerm_postgresql_server.test1"]},"infrastructure_encryption_enabled":{"constant_value":false},"location":{"references":["azurerm_resource_group.rg.location","azurerm_resource_group.rg"]},"name":{"references":["local.resource_prefix"]},"public_network_access_enabled":{"constant_value":true},"resource_group_name":{"references":["azurerm_resource_group.rg.name","azurerm_resource_group.rg"]},"restore_point_in_time":{"references":["data.local_file.restore_time.content","data.local_file.restore_time"]},"sku_name":{"constant_value":"GP_Gen5_2"},"ssl_enforcement_enabled":{"constant_value":true},"ssl_minimal_tls_version_enforced":{"constant_value":"TLS1_2"},"version":{"constant_value":"11"}},"schema_version":0,"depends_on":["null_resource.restore_time","time_sleep.wait_10_min","azurerm_postgresql_configuration.test1"]},{"address":"azurerm_resource_group.rg","mode":"managed","type":"azurerm_resource_group","name":"rg","provider_config_key":"azurerm","expressions":{"location":{"constant_value":"West Europe"},"name":{"references":["local.resource_prefix"]}},"schema_version":0},{"address":"azurerm_storage_account.test","mode":"managed","type":"azurerm_storage_account","name":"test","provider_config_key":"azurerm","expressions":{"account_replication_type":{"constant_value":"GRS"},"account_tier":{"constant_value":"Standard"},"location":{"references":["azurerm_resource_group.rg.location","azurerm_resource_group.rg"]},"name":{"references":["local.resource_prefix"]},"resource_group_name":{"references":["azurerm_resource_group.rg.name","azurerm_resource_group.rg"]}},"schema_version":2},{"address":"null_resource.restore_time","mode":"managed","type":"null_resource","name":"restore_time","provider_config_key":"null","provisioners":[{"type":"local-exec","expressions":{"command":{"references":["local.resource_prefix","local.resource_prefix","path.module"]}}}],"schema_version":0,"depends_on":["azurerm_postgresql_server.test1","azurerm_postgresql_configuration.test1"]},{"address":"time_sleep.wait_10_min","mode":"managed","type":"time_sleep","name":"wait_10_min","provider_config_key":"time","expressions":{"create_duration":{"constant_value":"15m"}},"schema_version":0,"depends_on":["azurerm_postgresql_server.test1","azurerm_postgresql_configuration.test1"]},{"address":"time_sleep.wait_2_min","mode":"managed","type":"time_sleep","name":"wait_2_min","provider_config_key":"time","expressions":{"create_duration":{"constant_value":"2m"}},"schema_version":0,"depends_on":["azurerm_postgresql_server.test1"]},{"address":"data.local_file.restore_time","mode":"data","type":"local_file","name":"restore_time","provider_config_key":"local","expressions":{"filename":{"references":["path.module"]}},"schema_version":0,"depends_on":["null_resource.restore_time"]}]}}}
