{"format_version":"0.2","terraform_version":"1.0.3","planned_values":{"root_module":{"resources":[{"address":"google_compute_network.new-network","mode":"managed","type":"google_compute_network","name":"new-network","provider_name":"registry.terraform.io/hashicorp/google","schema_version":0,"values":{"auto_create_subnetworks":true,"delete_default_routes_on_create":true,"description":null,"mtu":1460,"name":"new-network","project":"dev-for-tests","routing_mode":"GLOBAL","timeouts":null},"sensitive_values":{}}]}},"resource_changes":[{"address":"google_compute_network.new-network","mode":"managed","type":"google_compute_network","name":"new-network","provider_name":"registry.terraform.io/hashicorp/google","change":{"actions":["create"],"before":null,"after":{"auto_create_subnetworks":true,"delete_default_routes_on_create":true,"description":null,"mtu":1460,"name":"new-network","project":"dev-for-tests","routing_mode":"GLOBAL","timeouts":null},"after_unknown":{"gateway_ipv4":true,"id":true,"self_link":true},"before_sensitive":false,"after_sensitive":{}}}],"configuration":{"provider_config":{"google":{"name":"google","expressions":{"region":{"constant_value":"us-west1"}}}},"root_module":{"resources":[{"address":"google_compute_network.new-network","mode":"managed","type":"google_compute_network","name":"new-network","provider_config_key":"google","expressions":{"auto_create_subnetworks":{"constant_value":true},"delete_default_routes_on_create":{"constant_value":true},"mtu":{"constant_value":1460},"name":{"constant_value":"new-network"},"project":{"constant_value":"dev-for-tests"},"routing_mode":{"constant_value":"GLOBAL"}},"schema_version":0}]}}}
