{"format_version":"0.1","terraform_version":"0.13.4","planned_values":{"root_module":{"resources":[{"address":"aws_kms_key.test","mode":"managed","type":"aws_kms_key","name":"test","provider_name":"registry.terraform.io/hashicorp/aws","schema_version":0,"values":{"customer_master_key_spec":"SYMMETRIC_DEFAULT","deletion_window_in_days":7,"description":"KMS key for XRay - creating","enable_key_rotation":false,"is_enabled":true,"key_usage":"ENCRYPT_DECRYPT","tags":null}},{"address":"aws_xray_encryption_config.test","mode":"managed","type":"aws_xray_encryption_config","name":"test","provider_name":"registry.terraform.io/hashicorp/aws","schema_version":0,"values":{"key_id":"aws_kms_key.test.arn","type":"KMS"}}]}},"resource_changes":[{"address":"aws_kms_key.test","mode":"managed","type":"aws_kms_key","name":"test","provider_name":"registry.terraform.io/hashicorp/aws","change":{"actions":["create"],"before":null,"after":{"customer_master_key_spec":"SYMMETRIC_DEFAULT","deletion_window_in_days":7,"description":"KMS key for XRay - creating","enable_key_rotation":false,"is_enabled":true,"key_usage":"ENCRYPT_DECRYPT","tags":null},"after_unknown":{"arn":true,"id":true,"key_id":true,"policy":true,"tags_all":true}}},{"address":"aws_xray_encryption_config.test","mode":"managed","type":"aws_xray_encryption_config","name":"test","provider_name":"registry.terraform.io/hashicorp/aws","change":{"actions":["create"],"before":null,"after":{"key_id":"aws_kms_key.test.arn","type":"KMS"},"after_unknown":{"id":true}}}],"configuration":{"provider_config":{"aws":{"name":"aws","expressions":{"region":{"constant_value":"us-east-1"}}}},"root_module":{"resources":[{"address":"aws_kms_key.test","mode":"managed","type":"aws_kms_key","name":"test","provider_config_key":"aws","expressions":{"deletion_window_in_days":{"constant_value":7},"description":{"constant_value":"KMS key for XRay - creating"}},"schema_version":0,"raw_data":{"FileName":"main.tf","StartLine":1,"EndLine":4}},{"address":"aws_xray_encryption_config.test","mode":"managed","type":"aws_xray_encryption_config","name":"test","provider_config_key":"aws","expressions":{"key_id":{"references":["aws_kms_key.test"]},"type":{"constant_value":"KMS"}},"schema_version":0,"raw_data":{"FileName":"main.tf","StartLine":6,"EndLine":9}}]}}}
