{"format_version":"0.1","terraform_version":"0.12.29","planned_values":{"root_module":{"resources":[{"address":"aws_iam_role.ec2-role","mode":"managed","type":"aws_iam_role","name":"ec2-role","provider_name":"aws","schema_version":0,"values":{"assume_role_policy":"{\n  \"Version\": \"2012-10-17\",\n  \"Statement\": [\n    {\n      \"Sid\": \"\",\n      \"Effect\": \"Allow\",\n      \"Action\": \"sts:AssumeRole\",\n      \"Principal\": {\n        \"Service\": \"ec2.amazonaws.com\"\n      }\n    }\n  ]\n}","description":null,"force_detach_policies":false,"max_session_duration":3600,"name":"ec2-role","name_prefix":null,"path":"/","permissions_boundary":null,"tags":null}},{"address":"aws_iam_role_policy.ec2-describe-policy","mode":"managed","type":"aws_iam_role_policy","name":"ec2-describe-policy","provider_name":"aws","schema_version":0,"values":{"name":"ec2-describe-policy","name_prefix":null,"policy":"{\"Statement\":[{\"Action\":[\"ec2:Describe*\"],\"Effect\":\"Allow\",\"Resource\":\"*\"}],\"Version\":\"2012-10-17\"}","role":"aws_iam_role.ec2-role.id"}}]}},"resource_changes":[{"address":"aws_iam_role.ec2-role","mode":"managed","type":"aws_iam_role","name":"ec2-role","provider_name":"aws","change":{"actions":["create"],"before":null,"after":{"assume_role_policy":"{\n  \"Version\": \"2012-10-17\",\n  \"Statement\": [\n    {\n      \"Sid\": \"\",\n      \"Effect\": \"Allow\",\n      \"Action\": \"sts:AssumeRole\",\n      \"Principal\": {\n        \"Service\": \"ec2.amazonaws.com\"\n      }\n    }\n  ]\n}","description":null,"force_detach_policies":false,"max_session_duration":3600,"name":"ec2-role","name_prefix":null,"path":"/","permissions_boundary":null,"tags":null},"after_unknown":{"arn":true,"create_date":true,"id":true,"unique_id":true}}},{"address":"aws_iam_role_policy.ec2-describe-policy","mode":"managed","type":"aws_iam_role_policy","name":"ec2-describe-policy","provider_name":"aws","change":{"actions":["create"],"before":null,"after":{"name":"ec2-describe-policy","name_prefix":null,"policy":"{\"Statement\":[{\"Action\":[\"ec2:Describe*\"],\"Effect\":\"Allow\",\"Resource\":\"*\"}],\"Version\":\"2012-10-17\"}","role":"aws_iam_role.ec2-role.id"},"after_unknown":{"id":true}}}],"prior_state":{"format_version":"0.1","terraform_version":"0.12.29","values":{"root_module":{"resources":[{"address":"data.aws_iam_policy_document.iam_assume_role_policy_doc","mode":"data","type":"aws_iam_policy_document","name":"iam_assume_role_policy_doc","provider_name":"aws","schema_version":0,"values":{"id":"1903849331","json":"{\n  \"Version\": \"2012-10-17\",\n  \"Statement\": [\n    {\n      \"Sid\": \"\",\n      \"Effect\": \"Allow\",\n      \"Action\": \"sts:AssumeRole\",\n      \"Principal\": {\n        \"Service\": \"ec2.amazonaws.com\"\n      }\n    }\n  ]\n}","override_json":null,"policy_id":null,"source_json":null,"statement":[{"actions":["sts:AssumeRole"],"condition":[],"effect":"Allow","not_actions":[],"not_principals":[],"not_resources":[],"principals":[{"identifiers":["ec2.amazonaws.com"],"type":"Service"}],"resources":[],"sid":""}],"version":"2012-10-17"}}]}}},"configuration":{"provider_config":{"aws":{"name":"aws","version_constraint":"2.70.0","expressions":{"region":{"constant_value":"us-east-1"}}}},"root_module":{"resources":[{"address":"aws_iam_role.ec2-role","mode":"managed","type":"aws_iam_role","name":"ec2-role","provider_config_key":"aws","expressions":{"assume_role_policy":{"references":["data.aws_iam_policy_document.iam_assume_role_policy_doc"]},"name":{"constant_value":"ec2-role"}},"schema_version":0,"raw_data":{"FileName":"main.tf","StartLine":18,"EndLine":21}},{"address":"aws_iam_role_policy.ec2-describe-policy","mode":"managed","type":"aws_iam_role_policy","name":"ec2-describe-policy","provider_config_key":"aws","expressions":{"name":{"constant_value":"ec2-describe-policy"},"policy":{},"role":{"references":["aws_iam_role.ec2-role"]}},"schema_version":0,"raw_data":{"FileName":"main.tf","StartLine":23,"EndLine":39}},{"address":"data.aws_iam_policy_document.iam_assume_role_policy_doc","mode":"data","type":"aws_iam_policy_document","name":"iam_assume_role_policy_doc","provider_config_key":"aws","expressions":{"statement":[{"actions":{"constant_value":["sts:AssumeRole"]},"effect":{"constant_value":"Allow"},"principals":[{"identifiers":{"constant_value":["ec2.amazonaws.com"]},"type":{"constant_value":"Service"}}],"sid":{"constant_value":""}}],"version":{"constant_value":"2012-10-17"}},"schema_version":0,"raw_data":{"FileName":"main.tf","StartLine":2,"EndLine":16}}]}}}
