{"format_version":"0.1","terraform_version":"0.12.29","planned_values":{"root_module":{"resources":[{"address":"aws_iam_user.iam_user_1","mode":"managed","type":"aws_iam_user","name":"iam_user_1","provider_name":"aws","schema_version":0,"values":{"force_destroy":false,"name":"iam_user_1","path":"/","permissions_boundary":null,"tags":null}},{"address":"aws_iam_user.iam_user_2","mode":"managed","type":"aws_iam_user","name":"iam_user_2","provider_name":"aws","schema_version":0,"values":{"force_destroy":false,"name":"iam_user_2","path":"/","permissions_boundary":null,"tags":null}}]}},"resource_changes":[{"address":"aws_iam_user.iam_user_1","mode":"managed","type":"aws_iam_user","name":"iam_user_1","provider_name":"aws","change":{"actions":["create"],"before":null,"after":{"force_destroy":false,"name":"iam_user_1","path":"/","permissions_boundary":null,"tags":null},"after_unknown":{"arn":true,"id":true,"unique_id":true}}},{"address":"aws_iam_user.iam_user_2","mode":"managed","type":"aws_iam_user","name":"iam_user_2","provider_name":"aws","change":{"actions":["create"],"before":null,"after":{"force_destroy":false,"name":"iam_user_2","path":"/","permissions_boundary":null,"tags":null},"after_unknown":{"arn":true,"id":true,"unique_id":true}}}],"configuration":{"provider_config":{"aws":{"name":"aws","expressions":{"region":{"constant_value":"us-east-1"}}}},"root_module":{"resources":[{"address":"aws_iam_user.iam_user_1","mode":"managed","type":"aws_iam_user","name":"iam_user_1","provider_config_key":"aws","expressions":{"name":{"constant_value":"iam_user_1"}},"schema_version":0,"raw_data":{"FileName":"main.tf","StartLine":5,"EndLine":8}},{"address":"aws_iam_user.iam_user_2","mode":"managed","type":"aws_iam_user","name":"iam_user_2","provider_config_key":"aws","expressions":{"name":{"constant_value":"iam_user_2"}},"schema_version":0,"raw_data":{"FileName":"main.tf","StartLine":11,"EndLine":14}}]}}}
