{"format_version":"0.1","terraform_version":"0.12.29","planned_values":{"root_module":{"resources":[{"address":"aws_kinesis_stream.cloudrail","mode":"managed","type":"aws_kinesis_stream","name":"cloudrail","provider_name":"aws","schema_version":1,"values":{"encryption_type":"NONE","enforce_consumer_deletion":false,"kms_key_id":null,"name":"cloudrail-test-non-encrypted","retention_period":24,"shard_count":1,"shard_level_metrics":null,"tags":null,"timeouts":null}},{"address":"aws_kinesis_stream.cloudrail_2","mode":"managed","type":"aws_kinesis_stream","name":"cloudrail_2","provider_name":"aws","schema_version":1,"values":{"encryption_type":"NONE","enforce_consumer_deletion":false,"kms_key_id":null,"name":"cloudrail-test-non-encrypted_2","retention_period":24,"shard_count":1,"shard_level_metrics":null,"tags":null,"timeouts":null}}]}},"resource_changes":[{"address":"aws_kinesis_stream.cloudrail","mode":"managed","type":"aws_kinesis_stream","name":"cloudrail","provider_name":"aws","change":{"actions":["create"],"before":null,"after":{"encryption_type":"NONE","enforce_consumer_deletion":false,"kms_key_id":null,"name":"cloudrail-test-non-encrypted","retention_period":24,"shard_count":1,"shard_level_metrics":null,"tags":null,"timeouts":null},"after_unknown":{"arn":true,"id":true}}},{"address":"aws_kinesis_stream.cloudrail_2","mode":"managed","type":"aws_kinesis_stream","name":"cloudrail_2","provider_name":"aws","change":{"actions":["create"],"before":null,"after":{"encryption_type":"NONE","enforce_consumer_deletion":false,"kms_key_id":null,"name":"cloudrail-test-non-encrypted_2","retention_period":24,"shard_count":1,"shard_level_metrics":null,"tags":null,"timeouts":null},"after_unknown":{"arn":true,"id":true}}}],"configuration":{"provider_config":{"aws":{"name":"aws","expressions":{"region":{"constant_value":"us-east-1"}}}},"root_module":{"resources":[{"address":"aws_kinesis_stream.cloudrail","mode":"managed","type":"aws_kinesis_stream","name":"cloudrail","provider_config_key":"aws","expressions":{"name":{"constant_value":"cloudrail-test-non-encrypted"},"shard_count":{"constant_value":1}},"schema_version":1,"raw_data":{"FileName":"main.tf","StartLine":5,"EndLine":8}},{"address":"aws_kinesis_stream.cloudrail_2","mode":"managed","type":"aws_kinesis_stream","name":"cloudrail_2","provider_config_key":"aws","expressions":{"name":{"constant_value":"cloudrail-test-non-encrypted_2"},"shard_count":{"constant_value":1}},"schema_version":1,"raw_data":{"FileName":"main.tf","StartLine":10,"EndLine":13}}]}}}
