{"format_version":"0.1","terraform_version":"0.12.29","planned_values":{"root_module":{"child_modules":[{"resources":[{"address":"module.test_module.aws_kinesis_stream.cloudrail","mode":"managed","type":"aws_kinesis_stream","name":"cloudrail","provider_name":"aws","schema_version":1,"values":{"encryption_type":"KMS","enforce_consumer_deletion":false,"kms_key_id":"alias/aws/kinesis","name":"cloudrail-test-encrypted","retention_period":24,"shard_count":1,"shard_level_metrics":null,"tags":null,"timeouts":null}},{"address":"module.test_module.aws_kinesis_stream.cloudrail_2","mode":"managed","type":"aws_kinesis_stream","name":"cloudrail_2","provider_name":"aws","schema_version":1,"values":{"encryption_type":"KMS","enforce_consumer_deletion":false,"kms_key_id":"alias/aws/kinesis","name":"cloudrail-test-encrypted_2","retention_period":24,"shard_count":1,"shard_level_metrics":null,"tags":null,"timeouts":null}}],"address":"module.test_module"}]}},"resource_changes":[{"address":"module.test_module.aws_kinesis_stream.cloudrail","module_address":"module.test_module","mode":"managed","type":"aws_kinesis_stream","name":"cloudrail","provider_name":"aws","change":{"actions":["create"],"before":null,"after":{"encryption_type":"KMS","enforce_consumer_deletion":false,"kms_key_id":"alias/aws/kinesis","name":"cloudrail-test-encrypted","retention_period":24,"shard_count":1,"shard_level_metrics":null,"tags":null,"timeouts":null},"after_unknown":{"arn":true,"id":true}}},{"address":"module.test_module.aws_kinesis_stream.cloudrail_2","module_address":"module.test_module","mode":"managed","type":"aws_kinesis_stream","name":"cloudrail_2","provider_name":"aws","change":{"actions":["create"],"before":null,"after":{"encryption_type":"KMS","enforce_consumer_deletion":false,"kms_key_id":"alias/aws/kinesis","name":"cloudrail-test-encrypted_2","retention_period":24,"shard_count":1,"shard_level_metrics":null,"tags":null,"timeouts":null},"after_unknown":{"arn":true,"id":true}}}],"configuration":{"provider_config":{"aws":{"name":"aws","version_constraint":"2.70.0","expressions":{"region":{"constant_value":"us-east-1"}}},"test_module:aws":{"name":"aws","module_address":"test_module","expressions":{"region":{"constant_value":"us-east-1"}}}},"root_module":{"module_calls":{"test_module":{"source":"./kinesis_streams/encrypted_at_rest","module":{"resources":[{"address":"aws_kinesis_stream.cloudrail","mode":"managed","type":"aws_kinesis_stream","name":"cloudrail","provider_config_key":"test_module:aws","expressions":{"encryption_type":{"constant_value":"KMS"},"kms_key_id":{"constant_value":"alias/aws/kinesis"},"name":{"constant_value":"cloudrail-test-encrypted"},"shard_count":{"constant_value":1}},"schema_version":1,"raw_data":{"FileName":"kinesis_streams/encrypted_at_rest/main.tf","StartLine":5,"EndLine":10}},{"address":"aws_kinesis_stream.cloudrail_2","mode":"managed","type":"aws_kinesis_stream","name":"cloudrail_2","provider_config_key":"test_module:aws","expressions":{"encryption_type":{"constant_value":"KMS"},"kms_key_id":{"constant_value":"alias/aws/kinesis"},"name":{"constant_value":"cloudrail-test-encrypted_2"},"shard_count":{"constant_value":1}},"schema_version":1,"raw_data":{"FileName":"kinesis_streams/encrypted_at_rest/main.tf","StartLine":12,"EndLine":17}}]},"raw_data":{"FileName":"main.tf","StartLine":7,"EndLine":9}}}}}}
