{"format_version":"0.1","terraform_version":"0.13.4","planned_values":{"root_module":{"resources":[{"address":"aws_iam_policy.policy","mode":"managed","type":"aws_iam_policy","name":"policy","provider_name":"registry.terraform.io/hashicorp/aws","schema_version":0,"values":{"description":"allow_role_s3_operations","name":"allow_role_s3_operations","name_prefix":null,"path":"/","policy":"{\n    \"Version\": \"2012-10-17\",\n    \"Statement\": [\n      {\n        \"Action\": [\n          \"s3:*\"\n        ],\n        \"Effect\": \"Allow\",\n        \"Sid\": \"\",\n        \"Resource\": \"*\"\n      }\n    ]\n  }\n","tags":null}},{"address":"aws_iam_role.lambda-role","mode":"managed","type":"aws_iam_role","name":"lambda-role","provider_name":"registry.terraform.io/hashicorp/aws","schema_version":0,"values":{"assume_role_policy":"{\n  \"Version\": \"2012-10-17\",\n  \"Statement\": [\n    {\n      \"Action\": \"sts:AssumeRole\",\n      \"Principal\": {\n        \"Service\": \"lambda.amazonaws.com\"\n      },\n      \"Effect\": \"Allow\",\n      \"Sid\": \"\"\n    }\n  ]\n}\n","description":null,"force_detach_policies":false,"inline_policy":[],"max_session_duration":3600,"name":"lambda-role","name_prefix":null,"path":"/","permissions_boundary":null,"tags":null}},{"address":"aws_iam_role_policy_attachment.AWSLambdaVPCAccessExecutionRole","mode":"managed","type":"aws_iam_role_policy_attachment","name":"AWSLambdaVPCAccessExecutionRole","provider_name":"registry.terraform.io/hashicorp/aws","schema_version":0,"values":{"policy_arn":"arn:aws:iam::aws:policy/service-role/AWSLambdaVPCAccessExecutionRole","role":"lambda-role"}},{"address":"aws_iam_role_policy_attachment.attach-policy-to-s3-bucket-role","mode":"managed","type":"aws_iam_role_policy_attachment","name":"attach-policy-to-s3-bucket-role","provider_name":"registry.terraform.io/hashicorp/aws","schema_version":0,"values":{"policy_arn":"aws_iam_policy.policy.arn","role":"lambda-role"}},{"address":"aws_lambda_function.my-lambda","mode":"managed","type":"aws_lambda_function","name":"my-lambda","provider_name":"registry.terraform.io/hashicorp/aws","schema_version":0,"values":{"code_signing_config_arn":null,"dead_letter_config":[],"description":null,"environment":[],"file_system_config":[],"filename":"lambda.zip","function_name":"my-lambda","handler":"lambda_function.lambda_handler","image_config":[],"image_uri":null,"kms_key_arn":null,"layers":null,"memory_size":128,"package_type":"Zip","publish":false,"reserved_concurrent_executions":-1,"role":"aws_iam_role.lambda-role.arn","runtime":"python3.8","s3_bucket":null,"s3_key":null,"s3_object_version":null,"tags":null,"timeout":3,"timeouts":null,"tracing_config":[],"vpc_config":[{"security_group_ids":["aws_security_group.allow-all-local.id","aws_security_group.allow-https.id"],"subnet_ids":["aws_subnet.private-subnet.id"],"vpc_id":null}]}},{"address":"aws_s3_bucket.test-bucket","mode":"managed","type":"aws_s3_bucket","name":"test-bucket","provider_name":"registry.terraform.io/hashicorp/aws","schema_version":0,"values":{"acl":"private","bucket":"randombucketname132423","bucket_prefix":null,"cors_rule":[],"force_destroy":false,"grant":[],"lifecycle_rule":[],"logging":[],"object_lock_configuration":[],"policy":"{\n  \"Version\": \"2012-10-17\",\n  \"Statement\": [\n    {\n      \"Action\": \"s3:GetObject\",\n      \"Effect\": \"Deny\",\n      \"Sid\": \"\",\n      \"Principal\": {\n          \"AWS\": \"553432699559\"\n      },\n      \"Resource\": [\"arn:aws:s3:::randombucketname132423\", \"arn:aws:s3:::randombucketname132423/*\"]\n    }\n  ]\n}\n","replication_configuration":[],"server_side_encryption_configuration":[],"tags":null,"versioning":[],"website":[]}},{"address":"aws_security_group.allow-all-local","mode":"managed","type":"aws_security_group","name":"allow-all-local","provider_name":"registry.terraform.io/hashicorp/aws","schema_version":1,"values":{"description":"allow-all-local","egress":[{"cidr_blocks":["192.168.100.128/25"],"description":null,"from_port":0,"ipv6_cidr_blocks":null,"prefix_list_ids":null,"protocol":"-1","security_groups":null,"self":null,"to_port":0}],"ingress":[{"cidr_blocks":["192.168.100.128/25"],"description":null,"from_port":0,"ipv6_cidr_blocks":null,"prefix_list_ids":null,"protocol":"-1","security_groups":null,"self":null,"to_port":0}],"revoke_rules_on_delete":false,"tags":null,"timeouts":null,"vpc_id":"aws_vpc.main.id"}},{"address":"aws_security_group.allow-https","mode":"managed","type":"aws_security_group","name":"allow-https","provider_name":"registry.terraform.io/hashicorp/aws","schema_version":1,"values":{"description":"allow https","egress":[{"cidr_blocks":["192.168.100.128/25"],"description":null,"from_port":0,"ipv6_cidr_blocks":null,"prefix_list_ids":null,"protocol":"-1","security_groups":null,"self":null,"to_port":0}],"ingress":[{"cidr_blocks":["0.0.0.0/0"],"description":null,"from_port":443,"ipv6_cidr_blocks":null,"prefix_list_ids":null,"protocol":"tcp","security_groups":null,"self":null,"to_port":443}],"revoke_rules_on_delete":false,"tags":null,"timeouts":null,"vpc_id":"aws_vpc.main.id"}},{"address":"aws_subnet.private-subnet","mode":"managed","type":"aws_subnet","name":"private-subnet","provider_name":"registry.terraform.io/hashicorp/aws","schema_version":1,"values":{"assign_ipv6_address_on_creation":false,"cidr_block":"192.168.100.128/25","customer_owned_ipv4_pool":null,"ipv6_cidr_block":null,"map_customer_owned_ip_on_launch":null,"map_public_ip_on_launch":false,"outpost_arn":null,"tags":{"Name":"private-subnet"},"tags_all":{"Name":"private-subnet"},"timeouts":null,"vpc_id":"aws_vpc.main.id"}},{"address":"aws_vpc.main","mode":"managed","type":"aws_vpc","name":"main","provider_name":"registry.terraform.io/hashicorp/aws","schema_version":1,"values":{"assign_generated_ipv6_cidr_block":false,"cidr_block":"192.168.100.0/24","enable_dns_support":true,"instance_tenancy":"default","tags":null}}]}},"resource_changes":[{"address":"aws_iam_policy.policy","mode":"managed","type":"aws_iam_policy","name":"policy","provider_name":"registry.terraform.io/hashicorp/aws","change":{"actions":["create"],"before":null,"after":{"description":"allow_role_s3_operations","name":"allow_role_s3_operations","name_prefix":null,"path":"/","policy":"{\n    \"Version\": \"2012-10-17\",\n    \"Statement\": [\n      {\n        \"Action\": [\n          \"s3:*\"\n        ],\n        \"Effect\": \"Allow\",\n        \"Sid\": \"\",\n        \"Resource\": \"*\"\n      }\n    ]\n  }\n","tags":null},"after_unknown":{"arn":true,"id":true,"policy_id":true,"tags_all":true}}},{"address":"aws_iam_role.lambda-role","mode":"managed","type":"aws_iam_role","name":"lambda-role","provider_name":"registry.terraform.io/hashicorp/aws","change":{"actions":["create"],"before":null,"after":{"assume_role_policy":"{\n  \"Version\": \"2012-10-17\",\n  \"Statement\": [\n    {\n      \"Action\": \"sts:AssumeRole\",\n      \"Principal\": {\n        \"Service\": \"lambda.amazonaws.com\"\n      },\n      \"Effect\": \"Allow\",\n      \"Sid\": \"\"\n    }\n  ]\n}\n","description":null,"force_detach_policies":false,"inline_policy":[],"max_session_duration":3600,"name":"lambda-role","name_prefix":null,"path":"/","permissions_boundary":null,"tags":null},"after_unknown":{"arn":true,"create_date":true,"id":true,"inline_policy":[],"managed_policy_arns":true,"tags_all":true,"unique_id":true}}},{"address":"aws_iam_role_policy_attachment.AWSLambdaVPCAccessExecutionRole","mode":"managed","type":"aws_iam_role_policy_attachment","name":"AWSLambdaVPCAccessExecutionRole","provider_name":"registry.terraform.io/hashicorp/aws","change":{"actions":["create"],"before":null,"after":{"policy_arn":"arn:aws:iam::aws:policy/service-role/AWSLambdaVPCAccessExecutionRole","role":"lambda-role"},"after_unknown":{"id":true}}},{"address":"aws_iam_role_policy_attachment.attach-policy-to-s3-bucket-role","mode":"managed","type":"aws_iam_role_policy_attachment","name":"attach-policy-to-s3-bucket-role","provider_name":"registry.terraform.io/hashicorp/aws","change":{"actions":["create"],"before":null,"after":{"policy_arn":"aws_iam_policy.policy.arn","role":"lambda-role"},"after_unknown":{"id":true}}},{"address":"aws_lambda_function.my-lambda","mode":"managed","type":"aws_lambda_function","name":"my-lambda","provider_name":"registry.terraform.io/hashicorp/aws","change":{"actions":["create"],"before":null,"after":{"code_signing_config_arn":null,"dead_letter_config":[],"description":null,"environment":[],"file_system_config":[],"filename":"lambda.zip","function_name":"my-lambda","handler":"lambda_function.lambda_handler","image_config":[],"image_uri":null,"kms_key_arn":null,"layers":null,"memory_size":128,"package_type":"Zip","publish":false,"reserved_concurrent_executions":-1,"role":"aws_iam_role.lambda-role.arn","runtime":"python3.8","s3_bucket":null,"s3_key":null,"s3_object_version":null,"tags":null,"timeout":3,"timeouts":null,"tracing_config":[],"vpc_config":[{"security_group_ids":["aws_security_group.allow-all-local.id","aws_security_group.allow-https.id"],"subnet_ids":["aws_subnet.private-subnet.id"],"vpc_id":null}]},"after_unknown":{"arn":true,"dead_letter_config":[],"environment":[],"file_system_config":[],"id":true,"image_config":[],"invoke_arn":true,"last_modified":true,"qualified_arn":true,"signing_job_arn":true,"signing_profile_version_arn":true,"source_code_hash":true,"source_code_size":true,"tags_all":true,"tracing_config":[],"version":true,"vpc_config":[{"security_group_ids":[false,false],"subnet_ids":[false]}]}}},{"address":"aws_s3_bucket.test-bucket","mode":"managed","type":"aws_s3_bucket","name":"test-bucket","provider_name":"registry.terraform.io/hashicorp/aws","change":{"actions":["create"],"before":null,"after":{"acl":"private","bucket":"randombucketname132423","bucket_prefix":null,"cors_rule":[],"force_destroy":false,"grant":[],"lifecycle_rule":[],"logging":[],"object_lock_configuration":[],"policy":"{\n  \"Version\": \"2012-10-17\",\n  \"Statement\": [\n    {\n      \"Action\": \"s3:GetObject\",\n      \"Effect\": \"Deny\",\n      \"Sid\": \"\",\n      \"Principal\": {\n          \"AWS\": \"553432699559\"\n      },\n      \"Resource\": [\"arn:aws:s3:::randombucketname132423\", \"arn:aws:s3:::randombucketname132423/*\"]\n    }\n  ]\n}\n","replication_configuration":[],"server_side_encryption_configuration":[],"tags":null,"versioning":[],"website":[]},"after_unknown":{"acceleration_status":true,"arn":true,"bucket_domain_name":true,"bucket_regional_domain_name":true,"cors_rule":[],"grant":[],"hosted_zone_id":true,"id":true,"lifecycle_rule":[],"logging":[],"object_lock_configuration":[],"region":true,"replication_configuration":[],"request_payer":true,"server_side_encryption_configuration":[],"tags_all":true,"versioning":[],"website":[],"website_domain":true,"website_endpoint":true}}},{"address":"aws_security_group.allow-all-local","mode":"managed","type":"aws_security_group","name":"allow-all-local","provider_name":"registry.terraform.io/hashicorp/aws","change":{"actions":["create"],"before":null,"after":{"description":"allow-all-local","egress":[{"cidr_blocks":["192.168.100.128/25"],"description":null,"from_port":0,"ipv6_cidr_blocks":null,"prefix_list_ids":null,"protocol":"-1","security_groups":null,"self":null,"to_port":0}],"ingress":[{"cidr_blocks":["192.168.100.128/25"],"description":null,"from_port":0,"ipv6_cidr_blocks":null,"prefix_list_ids":null,"protocol":"-1","security_groups":null,"self":null,"to_port":0}],"revoke_rules_on_delete":false,"tags":null,"timeouts":null,"vpc_id":"aws_vpc.main.id"},"after_unknown":{"arn":true,"egress":[{"cidr_blocks":[false]}],"id":true,"ingress":[{"cidr_blocks":[false]}],"name":true,"name_prefix":true,"owner_id":true,"tags_all":true}}},{"address":"aws_security_group.allow-https","mode":"managed","type":"aws_security_group","name":"allow-https","provider_name":"registry.terraform.io/hashicorp/aws","change":{"actions":["create"],"before":null,"after":{"description":"allow https","egress":[{"cidr_blocks":["192.168.100.128/25"],"description":null,"from_port":0,"ipv6_cidr_blocks":null,"prefix_list_ids":null,"protocol":"-1","security_groups":null,"self":null,"to_port":0}],"ingress":[{"cidr_blocks":["0.0.0.0/0"],"description":null,"from_port":443,"ipv6_cidr_blocks":null,"prefix_list_ids":null,"protocol":"tcp","security_groups":null,"self":null,"to_port":443}],"revoke_rules_on_delete":false,"tags":null,"timeouts":null,"vpc_id":"aws_vpc.main.id"},"after_unknown":{"arn":true,"egress":[{"cidr_blocks":[false]}],"id":true,"ingress":[{"cidr_blocks":[false]}],"name":true,"name_prefix":true,"owner_id":true,"tags_all":true}}},{"address":"aws_subnet.private-subnet","mode":"managed","type":"aws_subnet","name":"private-subnet","provider_name":"registry.terraform.io/hashicorp/aws","change":{"actions":["create"],"before":null,"after":{"assign_ipv6_address_on_creation":false,"cidr_block":"192.168.100.128/25","customer_owned_ipv4_pool":null,"ipv6_cidr_block":null,"map_customer_owned_ip_on_launch":null,"map_public_ip_on_launch":false,"outpost_arn":null,"tags":{"Name":"private-subnet"},"tags_all":{"Name":"private-subnet"},"timeouts":null,"vpc_id":"aws_vpc.main.id"},"after_unknown":{"arn":true,"availability_zone":true,"availability_zone_id":true,"id":true,"ipv6_cidr_block_association_id":true,"owner_id":true,"tags":{},"tags_all":{}}}},{"address":"aws_vpc.main","mode":"managed","type":"aws_vpc","name":"main","provider_name":"registry.terraform.io/hashicorp/aws","change":{"actions":["create"],"before":null,"after":{"assign_generated_ipv6_cidr_block":false,"cidr_block":"192.168.100.0/24","enable_dns_support":true,"instance_tenancy":"default","tags":null},"after_unknown":{"arn":true,"default_network_acl_id":true,"default_route_table_id":true,"default_security_group_id":true,"dhcp_options_id":true,"enable_classiclink":true,"enable_classiclink_dns_support":true,"enable_dns_hostnames":true,"id":true,"ipv6_association_id":true,"ipv6_cidr_block":true,"main_route_table_id":true,"owner_id":true,"tags_all":true}}}],"prior_state":{"format_version":"0.1","terraform_version":"0.13.5","values":{"root_module":{"resources":[{"address":"data.aws_caller_identity.current","mode":"data","type":"aws_caller_identity","name":"current","provider_name":"registry.terraform.io/hashicorp/aws","schema_version":0,"values":{"account_id":"553432699559","arn":"arn:aws:sts::553432699559:assumed-role/AWSReservedSSO_admin_in_develop_cdd58565acef883e/tomer.v@indeni.com","id":"553432699559","user_id":"AROAYBWZI2KTZGGU7ZPNF:tomer.v@indeni.com"}}]}}},"configuration":{"root_module":{"resources":[{"address":"aws_iam_policy.policy","mode":"managed","type":"aws_iam_policy","name":"policy","provider_config_key":"aws","expressions":{"description":{"constant_value":"allow_role_s3_operations"},"name":{"constant_value":"allow_role_s3_operations"},"policy":{"constant_value":"{\n    \"Version\": \"2012-10-17\",\n    \"Statement\": [\n      {\n        \"Action\": [\n          \"s3:*\"\n        ],\n        \"Effect\": \"Allow\",\n        \"Sid\": \"\",\n        \"Resource\": \"*\"\n      }\n    ]\n  }\n"}},"schema_version":0,"raw_data":{"FileName":"main.tf","StartLine":51,"EndLine":70}},{"address":"aws_iam_role.lambda-role","mode":"managed","type":"aws_iam_role","name":"lambda-role","provider_config_key":"aws","expressions":{"assume_role_policy":{"constant_value":"{\n  \"Version\": \"2012-10-17\",\n  \"Statement\": [\n    {\n      \"Action\": \"sts:AssumeRole\",\n      \"Principal\": {\n        \"Service\": \"lambda.amazonaws.com\"\n      },\n      \"Effect\": \"Allow\",\n      \"Sid\": \"\"\n    }\n  ]\n}\n"},"name":{"constant_value":"lambda-role"}},"schema_version":0,"raw_data":{"FileName":"main.tf","StartLine":31,"EndLine":49}},{"address":"aws_iam_role_policy_attachment.AWSLambdaVPCAccessExecutionRole","mode":"managed","type":"aws_iam_role_policy_attachment","name":"AWSLambdaVPCAccessExecutionRole","provider_config_key":"aws","expressions":{"policy_arn":{"constant_value":"arn:aws:iam::aws:policy/service-role/AWSLambdaVPCAccessExecutionRole"},"role":{"references":["aws_iam_role.lambda-role"]}},"schema_version":0,"raw_data":{"FileName":"main.tf","StartLine":12,"EndLine":15}},{"address":"aws_iam_role_policy_attachment.attach-policy-to-s3-bucket-role","mode":"managed","type":"aws_iam_role_policy_attachment","name":"attach-policy-to-s3-bucket-role","provider_config_key":"aws","expressions":{"policy_arn":{"references":["aws_iam_policy.policy"]},"role":{"references":["aws_iam_role.lambda-role"]}},"schema_version":0,"raw_data":{"FileName":"main.tf","StartLine":72,"EndLine":75}},{"address":"aws_lambda_function.my-lambda","mode":"managed","type":"aws_lambda_function","name":"my-lambda","provider_config_key":"aws","expressions":{"filename":{"constant_value":"lambda.zip"},"function_name":{"constant_value":"my-lambda"},"handler":{"constant_value":"lambda_function.lambda_handler"},"role":{"references":["aws_iam_role.lambda-role"]},"runtime":{"constant_value":"python3.8"},"vpc_config":[{"security_group_ids":{"references":["aws_security_group.allow-https","aws_security_group.allow-all-local"]},"subnet_ids":{"references":["aws_subnet.private-subnet"]}}]},"schema_version":0,"raw_data":{"FileName":"main.tf","StartLine":17,"EndLine":29}},{"address":"aws_s3_bucket.test-bucket","mode":"managed","type":"aws_s3_bucket","name":"test-bucket","provider_config_key":"aws","expressions":{"bucket":{"constant_value":"randombucketname132423"},"policy":{"references":["data.aws_caller_identity.current"]}},"schema_version":0,"raw_data":{"FileName":"main.tf","StartLine":126,"EndLine":144}},{"address":"aws_security_group.allow-all-local","mode":"managed","type":"aws_security_group","name":"allow-all-local","provider_config_key":"aws","expressions":{"description":{"constant_value":"allow-all-local"},"vpc_id":{"references":["aws_vpc.main"]}},"schema_version":1,"raw_data":{"FileName":"main.tf","StartLine":108,"EndLine":124}},{"address":"aws_security_group.allow-https","mode":"managed","type":"aws_security_group","name":"allow-https","provider_config_key":"aws","expressions":{"description":{"constant_value":"allow https"},"vpc_id":{"references":["aws_vpc.main"]}},"schema_version":1,"raw_data":{"FileName":"main.tf","StartLine":90,"EndLine":106}},{"address":"aws_subnet.private-subnet","mode":"managed","type":"aws_subnet","name":"private-subnet","provider_config_key":"aws","expressions":{"cidr_block":{"references":["local.cidr_block"]},"tags":{"constant_value":{"Name":"private-subnet"}},"vpc_id":{"references":["aws_vpc.main"]}},"schema_version":1,"raw_data":{"FileName":"main.tf","StartLine":81,"EndLine":88}},{"address":"aws_vpc.main","mode":"managed","type":"aws_vpc","name":"main","provider_config_key":"aws","expressions":{"cidr_block":{"constant_value":"192.168.100.0/24"}},"schema_version":1,"raw_data":{"FileName":"main.tf","StartLine":77,"EndLine":79}},{"address":"data.aws_caller_identity.current","mode":"data","type":"aws_caller_identity","name":"current","provider_config_key":"aws","schema_version":0,"raw_data":{"FileName":"main.tf","StartLine":10,"EndLine":10}}]}}}
