{"format_version":"0.1","terraform_version":"0.12.29","planned_values":{"root_module":{"resources":[{"address":"aws_dynamodb_table.basic-dynamodb-table","mode":"managed","type":"aws_dynamodb_table","name":"basic-dynamodb-table","provider_name":"aws","schema_version":1,"values":{"attribute":[{"name":"GameTitle","type":"S"},{"name":"UserId","type":"S"}],"billing_mode":"PROVISIONED","global_secondary_index":[],"hash_key":"UserId","local_secondary_index":[],"name":"GameScores","range_key":"GameTitle","read_capacity":5,"replica":[],"stream_enabled":null,"tags":null,"timeouts":null,"ttl":[{"attribute_name":"TimeToExist","enabled":false}],"write_capacity":5}},{"address":"aws_internet_gateway.internet-gateway","mode":"managed","type":"aws_internet_gateway","name":"internet-gateway","provider_name":"aws","schema_version":0,"values":{"tags":{"Name":"internet-gateway"},"vpc_id":"aws_vpc.main.id"}},{"address":"aws_network_acl.allow-public-outbound-nacl","mode":"managed","type":"aws_network_acl","name":"allow-public-outbound-nacl","provider_name":"aws","schema_version":0,"values":{"egress":[{"action":"allow","cidr_block":"0.0.0.0/0","from_port":443,"icmp_code":null,"icmp_type":null,"ipv6_cidr_block":"","protocol":"tcp","rule_no":200,"to_port":443}],"subnet_ids":["aws_subnet.public-subnet.id"],"tags":{"Name":"allow-public-outbound-nacl"},"vpc_id":"aws_vpc.main.id"}},{"address":"aws_route_table.public-rtb","mode":"managed","type":"aws_route_table","name":"public-rtb","provider_name":"aws","schema_version":0,"values":{"route":[{"cidr_block":"0.0.0.0/0","egress_only_gateway_id":"","gateway_id":"aws_internet_gateway.internet-gateway.id","instance_id":"","ipv6_cidr_block":"","local_gateway_id":"","nat_gateway_id":"","network_interface_id":"","transit_gateway_id":"","vpc_endpoint_id":"","vpc_peering_connection_id":""}],"tags":{"Name":"public-rtb"},"vpc_id":"aws_vpc.main.id"}},{"address":"aws_route_table_association.public-rtb-assoc","mode":"managed","type":"aws_route_table_association","name":"public-rtb-assoc","provider_name":"aws","schema_version":0,"values":{"gateway_id":null,"route_table_id":"aws_route_table.public-rtb.id","subnet_id":"aws_subnet.public-subnet.id"}},{"address":"aws_security_group.allow-public-outbound-sg","mode":"managed","type":"aws_security_group","name":"allow-public-outbound-sg","provider_name":"aws","schema_version":1,"values":{"description":"Allow HTTPS outbound traffic","egress":[{"cidr_blocks":["0.0.0.0/0"],"description":"","from_port":443,"ipv6_cidr_blocks":[],"prefix_list_ids":[],"protocol":"tcp","security_groups":[],"self":false,"to_port":443}],"name":"allow-public-outbound-sg","name_prefix":null,"revoke_rules_on_delete":false,"tags":null,"timeouts":null,"vpc_id":"aws_vpc.main.id"}},{"address":"aws_subnet.public-subnet","mode":"managed","type":"aws_subnet","name":"public-subnet","provider_name":"aws","schema_version":1,"values":{"assign_ipv6_address_on_creation":false,"cidr_block":"192.168.100.0/24","ipv6_cidr_block":null,"map_public_ip_on_launch":true,"outpost_arn":null,"tags":{"Name":"public-subnet"},"timeouts":null,"vpc_id":"aws_vpc.main.id"}},{"address":"aws_vpc.main","mode":"managed","type":"aws_vpc","name":"main","provider_name":"aws","schema_version":1,"values":{"assign_generated_ipv6_cidr_block":false,"cidr_block":"192.168.100.0/24","enable_dns_support":true,"instance_tenancy":"default","tags":null}}]}},"resource_changes":[{"address":"aws_dynamodb_table.basic-dynamodb-table","mode":"managed","type":"aws_dynamodb_table","name":"basic-dynamodb-table","provider_name":"aws","change":{"actions":["create"],"before":null,"after":{"attribute":[{"name":"GameTitle","type":"S"},{"name":"UserId","type":"S"}],"billing_mode":"PROVISIONED","global_secondary_index":[],"hash_key":"UserId","local_secondary_index":[],"name":"GameScores","range_key":"GameTitle","read_capacity":5,"replica":[],"stream_enabled":null,"tags":null,"timeouts":null,"ttl":[{"attribute_name":"TimeToExist","enabled":false}],"write_capacity":5},"after_unknown":{"arn":true,"attribute":[{},{}],"global_secondary_index":[],"id":true,"local_secondary_index":[],"point_in_time_recovery":true,"replica":[],"server_side_encryption":true,"stream_arn":true,"stream_label":true,"stream_view_type":true,"ttl":[{}]}}},{"address":"aws_internet_gateway.internet-gateway","mode":"managed","type":"aws_internet_gateway","name":"internet-gateway","provider_name":"aws","change":{"actions":["create"],"before":null,"after":{"tags":{"Name":"internet-gateway"},"vpc_id":"aws_vpc.main.id"},"after_unknown":{"arn":true,"id":true,"owner_id":true,"tags":{}}}},{"address":"aws_network_acl.allow-public-outbound-nacl","mode":"managed","type":"aws_network_acl","name":"allow-public-outbound-nacl","provider_name":"aws","change":{"actions":["create"],"before":null,"after":{"egress":[{"action":"allow","cidr_block":"0.0.0.0/0","from_port":443,"icmp_code":null,"icmp_type":null,"ipv6_cidr_block":"","protocol":"tcp","rule_no":200,"to_port":443}],"subnet_ids":["aws_subnet.public-subnet.id"],"tags":{"Name":"allow-public-outbound-nacl"},"vpc_id":"aws_vpc.main.id"},"after_unknown":{"arn":true,"egress":[{}],"id":true,"ingress":true,"owner_id":true,"subnet_ids":[false],"tags":{}}}},{"address":"aws_route_table.public-rtb","mode":"managed","type":"aws_route_table","name":"public-rtb","provider_name":"aws","change":{"actions":["create"],"before":null,"after":{"route":[{"cidr_block":"0.0.0.0/0","egress_only_gateway_id":"","gateway_id":"aws_internet_gateway.internet-gateway.id","instance_id":"","ipv6_cidr_block":"","local_gateway_id":"","nat_gateway_id":"","network_interface_id":"","transit_gateway_id":"","vpc_endpoint_id":"","vpc_peering_connection_id":""}],"tags":{"Name":"public-rtb"},"vpc_id":"aws_vpc.main.id"},"after_unknown":{"id":true,"owner_id":true,"propagating_vgws":true,"route":[{}],"tags":{}}}},{"address":"aws_route_table_association.public-rtb-assoc","mode":"managed","type":"aws_route_table_association","name":"public-rtb-assoc","provider_name":"aws","change":{"actions":["create"],"before":null,"after":{"gateway_id":null,"route_table_id":"aws_route_table.public-rtb.id","subnet_id":"aws_subnet.public-subnet.id"},"after_unknown":{"id":true}}},{"address":"aws_security_group.allow-public-outbound-sg","mode":"managed","type":"aws_security_group","name":"allow-public-outbound-sg","provider_name":"aws","change":{"actions":["create"],"before":null,"after":{"description":"Allow HTTPS outbound traffic","egress":[{"cidr_blocks":["0.0.0.0/0"],"description":"","from_port":443,"ipv6_cidr_blocks":[],"prefix_list_ids":[],"protocol":"tcp","security_groups":[],"self":false,"to_port":443}],"name":"allow-public-outbound-sg","name_prefix":null,"revoke_rules_on_delete":false,"tags":null,"timeouts":null,"vpc_id":"aws_vpc.main.id"},"after_unknown":{"arn":true,"egress":[{"cidr_blocks":[false],"ipv6_cidr_blocks":[],"prefix_list_ids":[],"security_groups":[]}],"id":true,"ingress":true,"owner_id":true}}},{"address":"aws_subnet.public-subnet","mode":"managed","type":"aws_subnet","name":"public-subnet","provider_name":"aws","change":{"actions":["create"],"before":null,"after":{"assign_ipv6_address_on_creation":false,"cidr_block":"192.168.100.0/24","ipv6_cidr_block":null,"map_public_ip_on_launch":true,"outpost_arn":null,"tags":{"Name":"public-subnet"},"timeouts":null,"vpc_id":"aws_vpc.main.id"},"after_unknown":{"arn":true,"availability_zone":true,"availability_zone_id":true,"id":true,"ipv6_cidr_block_association_id":true,"owner_id":true,"tags":{}}}},{"address":"aws_vpc.main","mode":"managed","type":"aws_vpc","name":"main","provider_name":"aws","change":{"actions":["create"],"before":null,"after":{"assign_generated_ipv6_cidr_block":false,"cidr_block":"192.168.100.0/24","enable_dns_support":true,"instance_tenancy":"default","tags":null},"after_unknown":{"arn":true,"default_network_acl_id":true,"default_route_table_id":true,"default_security_group_id":true,"dhcp_options_id":true,"enable_classiclink":true,"enable_classiclink_dns_support":true,"enable_dns_hostnames":true,"id":true,"ipv6_association_id":true,"ipv6_cidr_block":true,"main_route_table_id":true,"owner_id":true}}}],"configuration":{"provider_config":{"aws":{"name":"aws","expressions":{"region":{"constant_value":"us-east-1"}}}},"root_module":{"resources":[{"address":"aws_dynamodb_table.basic-dynamodb-table","mode":"managed","type":"aws_dynamodb_table","name":"basic-dynamodb-table","provider_config_key":"aws","expressions":{"attribute":[{"name":{"constant_value":"UserId"},"type":{"constant_value":"S"}},{"name":{"constant_value":"GameTitle"},"type":{"constant_value":"S"}}],"billing_mode":{"constant_value":"PROVISIONED"},"hash_key":{"constant_value":"UserId"},"name":{"constant_value":"GameScores"},"range_key":{"constant_value":"GameTitle"},"read_capacity":{"constant_value":5},"ttl":[{"attribute_name":{"constant_value":"TimeToExist"},"enabled":{"constant_value":false}}],"write_capacity":{"constant_value":5}},"schema_version":1,"raw_data":{"FileName":"main.tf","StartLine":82,"EndLine":105}},{"address":"aws_internet_gateway.internet-gateway","mode":"managed","type":"aws_internet_gateway","name":"internet-gateway","provider_config_key":"aws","expressions":{"tags":{"constant_value":{"Name":"internet-gateway"}},"vpc_id":{"references":["aws_vpc.main"]}},"schema_version":0,"raw_data":{"FileName":"main.tf","StartLine":74,"EndLine":80}},{"address":"aws_network_acl.allow-public-outbound-nacl","mode":"managed","type":"aws_network_acl","name":"allow-public-outbound-nacl","provider_config_key":"aws","expressions":{"subnet_ids":{"references":["aws_subnet.public-subnet"]},"tags":{"constant_value":{"Name":"allow-public-outbound-nacl"}},"vpc_id":{"references":["aws_vpc.main"]}},"schema_version":0,"raw_data":{"FileName":"main.tf","StartLine":42,"EndLine":58}},{"address":"aws_route_table.public-rtb","mode":"managed","type":"aws_route_table","name":"public-rtb","provider_config_key":"aws","expressions":{"tags":{"constant_value":{"Name":"public-rtb"}},"vpc_id":{"references":["aws_vpc.main"]}},"schema_version":0,"raw_data":{"FileName":"main.tf","StartLine":28,"EndLine":40}},{"address":"aws_route_table_association.public-rtb-assoc","mode":"managed","type":"aws_route_table_association","name":"public-rtb-assoc","provider_config_key":"aws","expressions":{"route_table_id":{"references":["aws_route_table.public-rtb"]},"subnet_id":{"references":["aws_subnet.public-subnet"]}},"schema_version":0,"raw_data":{"FileName":"main.tf","StartLine":23,"EndLine":26}},{"address":"aws_security_group.allow-public-outbound-sg","mode":"managed","type":"aws_security_group","name":"allow-public-outbound-sg","provider_config_key":"aws","expressions":{"description":{"constant_value":"Allow HTTPS outbound traffic"},"name":{"constant_value":"allow-public-outbound-sg"},"vpc_id":{"references":["aws_vpc.main"]}},"schema_version":1,"raw_data":{"FileName":"main.tf","StartLine":60,"EndLine":72}},{"address":"aws_subnet.public-subnet","mode":"managed","type":"aws_subnet","name":"public-subnet","provider_config_key":"aws","expressions":{"cidr_block":{"references":["local.cidr_block"]},"map_public_ip_on_launch":{"constant_value":true},"tags":{"constant_value":{"Name":"public-subnet"}},"vpc_id":{"references":["aws_vpc.main"]}},"schema_version":1,"raw_data":{"FileName":"main.tf","StartLine":13,"EndLine":21}},{"address":"aws_vpc.main","mode":"managed","type":"aws_vpc","name":"main","provider_config_key":"aws","expressions":{"cidr_block":{"references":["local.cidr_block"]}},"schema_version":1,"raw_data":{"FileName":"main.tf","StartLine":9,"EndLine":11}}]}}}
