{"format_version":"0.1","terraform_version":"0.12.29","planned_values":{"root_module":{"child_modules":[{"resources":[{"address":"module.test_module.aws_iam_role.test","mode":"managed","type":"aws_iam_role","name":"test","provider_name":"aws","schema_version":0,"values":{"assume_role_policy":"{\n  \"Version\": \"2012-10-17\",\n  \"Statement\": [\n    {\n      \"Sid\": \"\",\n      \"Effect\": \"Allow\",\n      \"Action\": \"sts:AssumeRole\",\n      \"Principal\": {\n        \"Service\": \"sagemaker.amazonaws.com\"\n      }\n    }\n  ]\n}","description":null,"force_detach_policies":false,"max_session_duration":3600,"name_prefix":null,"path":"/","permissions_boundary":null,"tags":null}},{"address":"module.test_module.aws_sagemaker_endpoint_configuration.test","mode":"managed","type":"aws_sagemaker_endpoint_configuration","name":"test","provider_name":"aws","schema_version":0,"values":{"kms_key_arn":null,"name":"my-endpoint-config","production_variants":[{"accelerator_type":null,"initial_instance_count":1,"initial_variant_weight":1,"instance_type":"ml.t2.medium","model_name":"test-model","variant_name":"variant-1"}],"tags":null}},{"address":"module.test_module.aws_sagemaker_model.test","mode":"managed","type":"aws_sagemaker_model","name":"test","provider_name":"aws","schema_version":0,"values":{"container":[],"enable_network_isolation":null,"execution_role_arn":"module.test_module.aws_iam_role.test.arn","name":"test-model","primary_container":[{"container_hostname":null,"environment":null,"image":"382416733822.dkr.ecr.us-east-1.amazonaws.com/kmeans:1","model_data_url":null}],"tags":null,"vpc_config":[]}}],"address":"module.test_module"}]}},"resource_changes":[{"address":"module.test_module.aws_iam_role.test","module_address":"module.test_module","mode":"managed","type":"aws_iam_role","name":"test","provider_name":"aws","change":{"actions":["create"],"before":null,"after":{"assume_role_policy":"{\n  \"Version\": \"2012-10-17\",\n  \"Statement\": [\n    {\n      \"Sid\": \"\",\n      \"Effect\": \"Allow\",\n      \"Action\": \"sts:AssumeRole\",\n      \"Principal\": {\n        \"Service\": \"sagemaker.amazonaws.com\"\n      }\n    }\n  ]\n}","description":null,"force_detach_policies":false,"max_session_duration":3600,"name_prefix":null,"path":"/","permissions_boundary":null,"tags":null},"after_unknown":{"arn":true,"create_date":true,"id":true,"name":true,"unique_id":true}}},{"address":"module.test_module.aws_sagemaker_endpoint_configuration.test","module_address":"module.test_module","mode":"managed","type":"aws_sagemaker_endpoint_configuration","name":"test","provider_name":"aws","change":{"actions":["create"],"before":null,"after":{"kms_key_arn":null,"name":"my-endpoint-config","production_variants":[{"accelerator_type":null,"initial_instance_count":1,"initial_variant_weight":1,"instance_type":"ml.t2.medium","model_name":"test-model","variant_name":"variant-1"}],"tags":null},"after_unknown":{"arn":true,"id":true,"production_variants":[{}]}}},{"address":"module.test_module.aws_sagemaker_model.test","module_address":"module.test_module","mode":"managed","type":"aws_sagemaker_model","name":"test","provider_name":"aws","change":{"actions":["create"],"before":null,"after":{"container":[],"enable_network_isolation":null,"execution_role_arn":"module.test_module.aws_iam_role.test.arn","name":"test-model","primary_container":[{"container_hostname":null,"environment":null,"image":"382416733822.dkr.ecr.us-east-1.amazonaws.com/kmeans:1","model_data_url":null}],"tags":null,"vpc_config":[]},"after_unknown":{"arn":true,"container":[],"id":true,"primary_container":[{}],"vpc_config":[]}}}],"prior_state":{"format_version":"0.1","terraform_version":"0.12.29","values":{"root_module":{"child_modules":[{"resources":[{"address":"data.aws_iam_policy_document.assume_role","mode":"data","type":"aws_iam_policy_document","name":"assume_role","provider_name":"aws","schema_version":0,"values":{"id":"390232716","json":"{\n  \"Version\": \"2012-10-17\",\n  \"Statement\": [\n    {\n      \"Sid\": \"\",\n      \"Effect\": \"Allow\",\n      \"Action\": \"sts:AssumeRole\",\n      \"Principal\": {\n        \"Service\": \"sagemaker.amazonaws.com\"\n      }\n    }\n  ]\n}","override_json":null,"policy_id":null,"source_json":null,"statement":[{"actions":["sts:AssumeRole"],"condition":[],"effect":"Allow","not_actions":[],"not_principals":[],"not_resources":[],"principals":[{"identifiers":["sagemaker.amazonaws.com"],"type":"Service"}],"resources":[],"sid":""}],"version":"2012-10-17"}},{"address":"data.aws_region.current","mode":"data","type":"aws_region","name":"current","provider_name":"aws","schema_version":0,"values":{"current":null,"description":"US East (N. Virginia)","endpoint":"ec2.us-east-1.amazonaws.com","id":"us-east-1","name":"us-east-1"}}],"address":"module.test_module"}]}}},"configuration":{"provider_config":{"aws":{"name":"aws","version_constraint":"2.70.0","expressions":{"region":{"constant_value":"us-east-1"}}},"test_module:aws":{"name":"aws","module_address":"test_module","expressions":{"region":{"constant_value":"us-east-1"}}}},"root_module":{"module_calls":{"test_module":{"source":"./sagemaker/sagemaker_endpoint_config_non_encrypted","module":{"resources":[{"address":"aws_iam_role.test","mode":"managed","type":"aws_iam_role","name":"test","provider_config_key":"test_module:aws","expressions":{"assume_role_policy":{"references":["data.aws_iam_policy_document.assume_role"]}},"schema_version":0,"raw_data":{"FileName":"sagemaker/sagemaker_endpoint_config_non_encrypted/main.tf","StartLine":18,"EndLine":20}},{"address":"aws_sagemaker_endpoint_configuration.test","mode":"managed","type":"aws_sagemaker_endpoint_configuration","name":"test","provider_config_key":"test_module:aws","expressions":{"name":{"constant_value":"my-endpoint-config"},"production_variants":[{"initial_instance_count":{"constant_value":1},"instance_type":{"constant_value":"ml.t2.medium"},"model_name":{"references":["aws_sagemaker_model.test"]},"variant_name":{"constant_value":"variant-1"}}]},"schema_version":0,"raw_data":{"FileName":"sagemaker/sagemaker_endpoint_config_non_encrypted/main.tf","StartLine":33,"EndLine":42}},{"address":"aws_sagemaker_model.test","mode":"managed","type":"aws_sagemaker_model","name":"test","provider_config_key":"test_module:aws","expressions":{"execution_role_arn":{"references":["aws_iam_role.test"]},"name":{"constant_value":"test-model"},"primary_container":[{"image":{"references":["data.aws_region.current"]}}]},"schema_version":0,"raw_data":{"FileName":"sagemaker/sagemaker_endpoint_config_non_encrypted/main.tf","StartLine":22,"EndLine":31}},{"address":"data.aws_iam_policy_document.assume_role","mode":"data","type":"aws_iam_policy_document","name":"assume_role","provider_config_key":"test_module:aws","expressions":{"statement":[{"actions":{"constant_value":["sts:AssumeRole"]},"principals":[{"identifiers":{"constant_value":["sagemaker.amazonaws.com"]},"type":{"constant_value":"Service"}}]}]},"schema_version":0,"raw_data":{"FileName":"sagemaker/sagemaker_endpoint_config_non_encrypted/main.tf","StartLine":5,"EndLine":14}},{"address":"data.aws_region.current","mode":"data","type":"aws_region","name":"current","provider_config_key":"test_module:aws","schema_version":0,"raw_data":{"FileName":"sagemaker/sagemaker_endpoint_config_non_encrypted/main.tf","StartLine":16,"EndLine":16}}]},"raw_data":{"FileName":"main.tf","StartLine":7,"EndLine":9}}}}}}
