{
    "format_version": "0.1",
    "terraform_version": "0.14.6",
    "planned_values": {
        "root_module": {
            "resources": [
                {
                    "address": "google_compute_firewall.ssh_from_anywhere",
                    "mode": "managed",
                    "type": "google_compute_firewall",
                    "name": "ssh_from_anywhere",
                    "provider_name": "registry.terraform.io/hashicorp/google",
                    "schema_version": 1,
                    "values": {
                        "allow": [
                            {
                                "ports": [
                                    "22"
                                ],
                                "protocol": "tcp"
                            }
                        ],
                        "deny": [],
                        "description": null,
                        "disabled": null,
                        "log_config": [],
                        "name": "ssh-from-anywhere",
                        "network": "default",
                        "priority": 1000,
                        "source_ranges": [
                            "0.0.0.0/0"
                        ],
                        "source_service_accounts": null,
                        "source_tags": null,
                        "target_service_accounts": null,
                        "target_tags": [
                            "ssh-from-anywhere"
                        ],
                        "timeouts": null
                    }
                },
                {
                    "address": "google_compute_forwarding_rule.default",
                    "mode": "managed",
                    "type": "google_compute_forwarding_rule",
                    "name": "default",
                    "provider_name": "registry.terraform.io/hashicorp/google-beta",
                    "schema_version": 0,
                    "values": {
                        "all_ports": null,
                        "allow_global_access": null,
                        "backend_service": null,
                        "description": null,
                        "is_mirroring_collector": null,
                        "labels": null,
                        "load_balancing_scheme": "EXTERNAL",
                        "name": "ssh-forwarding",
                        "port_range": "22",
                        "ports": null,
                        "project": "dev-for-tests",
                        "region": "us-west1",
                        "service_label": null,
                        "target": "google_compute_target_pool.default.self_link",
                        "timeouts": null
                    }
                },
                {
                    "address": "google_compute_http_health_check.default",
                    "mode": "managed",
                    "type": "google_compute_http_health_check",
                    "name": "default",
                    "provider_name": "registry.terraform.io/hashicorp/google-beta",
                    "schema_version": 0,
                    "values": {
                        "check_interval_sec": 1,
                        "description": null,
                        "healthy_threshold": 2,
                        "host": null,
                        "name": "lb-check",
                        "port": 9999,
                        "project": "dev-for-tests",
                        "request_path": "/check",
                        "timeout_sec": 1,
                        "timeouts": null,
                        "unhealthy_threshold": 2
                    }
                },
                {
                    "address": "google_compute_instance.restricted-ssh",
                    "mode": "managed",
                    "type": "google_compute_instance",
                    "name": "restricted-ssh",
                    "provider_name": "registry.terraform.io/hashicorp/google",
                    "schema_version": 6,
                    "values": {
                        "advanced_machine_features": [],
                        "allow_stopping_for_update": null,
                        "attached_disk": [],
                        "boot_disk": [
                            {
                                "auto_delete": true,
                                "disk_encryption_key_raw": null,
                                "initialize_params": [
                                    {
                                        "image": "debian-cloud/debian-9"
                                    }
                                ],
                                "mode": "READ_WRITE"
                            }
                        ],
                        "can_ip_forward": false,
                        "deletion_protection": false,
                        "description": null,
                        "desired_status": null,
                        "enable_display": null,
                        "hostname": null,
                        "labels": null,
                        "machine_type": "n1-standard-1",
                        "metadata": null,
                        "metadata_startup_script": null,
                        "name": "restricted-gce",
                        "network_interface": [
                            {
                                "access_config": [],
                                "alias_ip_range": [],
                                "ipv6_access_config": [],
                                "nic_type": null,
                                "subnetwork": "default"
                            }
                        ],
                        "resource_policies": null,
                        "scratch_disk": [
                            {
                                "interface": "SCSI"
                            }
                        ],
                        "service_account": [],
                        "shielded_instance_config": [],
                        "tags": null,
                        "timeouts": null,
                        "zone": "us-west1-a"
                    }
                },
                {
                    "address": "google_compute_target_pool.default",
                    "mode": "managed",
                    "type": "google_compute_target_pool",
                    "name": "default",
                    "provider_name": "registry.terraform.io/hashicorp/google-beta",
                    "schema_version": 0,
                    "values": {
                        "backup_pool": null,
                        "description": null,
                        "failover_ratio": null,
                        "health_checks": [
                            "lb-check"
                        ],
                        "instances": [
                            "google_compute_instance.restricted-ssh.self_link"
                        ],
                        "name": "default-tp",
                        "project": "dev-for-tests",
                        "region": "us-west1",
                        "session_affinity": "NONE",
                        "timeouts": null
                    }
                }
            ]
        }
    },
    "resource_changes": [
        {
            "address": "google_compute_firewall.ssh_from_anywhere",
            "mode": "managed",
            "type": "google_compute_firewall",
            "name": "ssh_from_anywhere",
            "provider_name": "registry.terraform.io/hashicorp/google",
            "change": {
                "actions": [
                    "create"
                ],
                "before": null,
                "after": {
                    "allow": [
                        {
                            "ports": [
                                "22"
                            ],
                            "protocol": "tcp"
                        }
                    ],
                    "deny": [],
                    "description": null,
                    "disabled": null,
                    "log_config": [],
                    "name": "ssh-from-anywhere",
                    "network": "default",
                    "priority": 1000,
                    "source_ranges": [
                        "0.0.0.0/0"
                    ],
                    "source_service_accounts": null,
                    "source_tags": null,
                    "target_service_accounts": null,
                    "target_tags": [
                        "ssh-from-anywhere"
                    ],
                    "timeouts": null
                },
                "after_unknown": {
                    "allow": [
                        {
                            "ports": [
                                false
                            ]
                        }
                    ],
                    "creation_timestamp": true,
                    "deny": [],
                    "destination_ranges": true,
                    "direction": true,
                    "enable_logging": true,
                    "id": true,
                    "log_config": [],
                    "project": true,
                    "self_link": true,
                    "source_ranges": [
                        false
                    ],
                    "target_tags": [
                        false
                    ]
                }
            }
        },
        {
            "address": "google_compute_forwarding_rule.default",
            "mode": "managed",
            "type": "google_compute_forwarding_rule",
            "name": "default",
            "provider_name": "registry.terraform.io/hashicorp/google-beta",
            "change": {
                "actions": [
                    "create"
                ],
                "before": null,
                "after": {
                    "all_ports": null,
                    "allow_global_access": null,
                    "backend_service": null,
                    "description": null,
                    "is_mirroring_collector": null,
                    "labels": null,
                    "load_balancing_scheme": "EXTERNAL",
                    "name": "ssh-forwarding",
                    "port_range": "22",
                    "ports": null,
                    "project": "dev-for-tests",
                    "region": "us-west1",
                    "service_label": null,
                    "target": "google_compute_target_pool.default.self_link",
                    "timeouts": null
                },
                "after_unknown": {
                    "creation_timestamp": true,
                    "id": true,
                    "ip_address": true,
                    "ip_protocol": true,
                    "label_fingerprint": true,
                    "network": true,
                    "network_tier": true,
                    "self_link": true,
                    "service_name": true,
                    "subnetwork": true
                }
            }
        },
        {
            "address": "google_compute_http_health_check.default",
            "mode": "managed",
            "type": "google_compute_http_health_check",
            "name": "default",
            "provider_name": "registry.terraform.io/hashicorp/google-beta",
            "change": {
                "actions": [
                    "create"
                ],
                "before": null,
                "after": {
                    "check_interval_sec": 1,
                    "description": null,
                    "healthy_threshold": 2,
                    "host": null,
                    "name": "lb-check",
                    "port": 9999,
                    "project": "dev-for-tests",
                    "request_path": "/check",
                    "timeout_sec": 1,
                    "timeouts": null,
                    "unhealthy_threshold": 2
                },
                "after_unknown": {
                    "creation_timestamp": true,
                    "id": true,
                    "self_link": true
                }
            }
        },
        {
            "address": "google_compute_instance.restricted-ssh",
            "mode": "managed",
            "type": "google_compute_instance",
            "name": "restricted-ssh",
            "provider_name": "registry.terraform.io/hashicorp/google",
            "change": {
                "actions": [
                    "create"
                ],
                "before": null,
                "after": {
                    "advanced_machine_features": [],
                    "allow_stopping_for_update": null,
                    "attached_disk": [],
                    "boot_disk": [
                        {
                            "auto_delete": true,
                            "disk_encryption_key_raw": null,
                            "initialize_params": [
                                {
                                    "image": "debian-cloud/debian-9"
                                }
                            ],
                            "mode": "READ_WRITE"
                        }
                    ],
                    "can_ip_forward": false,
                    "deletion_protection": false,
                    "description": null,
                    "desired_status": null,
                    "enable_display": null,
                    "hostname": null,
                    "labels": null,
                    "machine_type": "n1-standard-1",
                    "metadata": null,
                    "metadata_startup_script": null,
                    "name": "restricted-gce",
                    "network_interface": [
                        {
                            "access_config": [],
                            "alias_ip_range": [],
                            "ipv6_access_config": [],
                            "nic_type": null,
                            "subnetwork": "default"
                        }
                    ],
                    "resource_policies": null,
                    "scratch_disk": [
                        {
                            "interface": "SCSI"
                        }
                    ],
                    "service_account": [],
                    "shielded_instance_config": [],
                    "tags": null,
                    "timeouts": null,
                    "zone": "us-west1-a"
                },
                "after_unknown": {
                    "advanced_machine_features": [],
                    "attached_disk": [],
                    "boot_disk": [
                        {
                            "device_name": true,
                            "disk_encryption_key_sha256": true,
                            "initialize_params": [
                                {
                                    "labels": true,
                                    "size": true,
                                    "type": true
                                }
                            ],
                            "kms_key_self_link": true,
                            "source": true
                        }
                    ],
                    "confidential_instance_config": true,
                    "cpu_platform": true,
                    "current_status": true,
                    "guest_accelerator": true,
                    "id": true,
                    "instance_id": true,
                    "label_fingerprint": true,
                    "metadata_fingerprint": true,
                    "min_cpu_platform": true,
                    "network_interface": [
                        {
                            "access_config": [],
                            "alias_ip_range": [],
                            "ipv6_access_config": [],
                            "ipv6_access_type": true,
                            "name": true,
                            "network": true,
                            "network_ip": true,
                            "stack_type": true,
                            "subnetwork_project": true
                        }
                    ],
                    "project": true,
                    "reservation_affinity": true,
                    "scheduling": true,
                    "scratch_disk": [
                        {}
                    ],
                    "self_link": true,
                    "service_account": [],
                    "shielded_instance_config": [],
                    "tags_fingerprint": true
                }
            }
        },
        {
            "address": "google_compute_target_pool.default",
            "mode": "managed",
            "type": "google_compute_target_pool",
            "name": "default",
            "provider_name": "registry.terraform.io/hashicorp/google-beta",
            "change": {
                "actions": [
                    "create"
                ],
                "before": null,
                "after": {
                    "backup_pool": null,
                    "description": null,
                    "failover_ratio": null,
                    "health_checks": [
                        "lb-check"
                    ],
                    "instances": [
                        "google_compute_instance.restricted-ssh.self_link"
                    ],
                    "name": "default-tp",
                    "project": "dev-for-tests",
                    "region": "us-west1",
                    "session_affinity": "NONE",
                    "timeouts": null
                },
                "after_unknown": {
                    "health_checks": [
                        false
                    ],
                    "id": true,
                    "instances": [
                        false
                    ],
                    "self_link": true
                }
            }
        }
    ],
    "configuration": {
        "provider_config": {
            "google": {
                "name": "google",
                "expressions": {
                    "project": {
                        "constant_value": "dev-for-tests"
                    }
                }
            }
        },
        "root_module": {
            "resources": [
                {
                    "address": "google_compute_firewall.ssh_from_anywhere",
                    "mode": "managed",
                    "type": "google_compute_firewall",
                    "name": "ssh_from_anywhere",
                    "provider_config_key": "google",
                    "expressions": {
                        "allow": [
                            {
                                "ports": {
                                    "constant_value": [
                                        "22"
                                    ]
                                },
                                "protocol": {
                                    "constant_value": "tcp"
                                }
                            }
                        ],
                        "name": {
                            "constant_value": "ssh-from-anywhere"
                        },
                        "network": {
                            "constant_value": "default"
                        },
                        "source_ranges": {
                            "constant_value": [
                                "0.0.0.0/0"
                            ]
                        },
                        "target_tags": {
                            "constant_value": [
                                "ssh-from-anywhere"
                            ]
                        }
                    },
                    "schema_version": 1,
                    "raw_data": {
                        "FileName": "main.tf",
                        "StartLine": 60,
                        "EndLine": 71
                    }
                },
                {
                    "address": "google_compute_forwarding_rule.default",
                    "mode": "managed",
                    "type": "google_compute_forwarding_rule",
                    "name": "default",
                    "provider_config_key": "google-beta",
                    "expressions": {
                        "load_balancing_scheme": {
                            "constant_value": "EXTERNAL"
                        },
                        "name": {
                            "constant_value": "ssh-forwarding"
                        },
                        "port_range": {
                            "constant_value": "22"
                        },
                        "project": {
                            "constant_value": "dev-for-tests"
                        },
                        "region": {
                            "constant_value": "us-west1"
                        },
                        "target": {
                            "references": [
                                "google_compute_target_pool.default"
                            ]
                        }
                    },
                    "schema_version": 0,
                    "raw_data": {
                        "FileName": "main.tf",
                        "StartLine": 6,
                        "EndLine": 14
                    }
                },
                {
                    "address": "google_compute_http_health_check.default",
                    "mode": "managed",
                    "type": "google_compute_http_health_check",
                    "name": "default",
                    "provider_config_key": "google-beta",
                    "expressions": {
                        "check_interval_sec": {
                            "constant_value": 1
                        },
                        "name": {
                            "constant_value": "lb-check"
                        },
                        "port": {
                            "constant_value": 9999
                        },
                        "project": {
                            "constant_value": "dev-for-tests"
                        },
                        "request_path": {
                            "constant_value": "/check"
                        },
                        "timeout_sec": {
                            "constant_value": 1
                        }
                    },
                    "schema_version": 0,
                    "raw_data": {
                        "FileName": "main.tf",
                        "StartLine": 25,
                        "EndLine": 33
                    }
                },
                {
                    "address": "google_compute_instance.restricted-ssh",
                    "mode": "managed",
                    "type": "google_compute_instance",
                    "name": "restricted-ssh",
                    "provider_config_key": "google",
                    "expressions": {
                        "boot_disk": [
                            {
                                "initialize_params": [
                                    {
                                        "image": {
                                            "constant_value": "debian-cloud/debian-9"
                                        }
                                    }
                                ]
                            }
                        ],
                        "machine_type": {
                            "constant_value": "n1-standard-1"
                        },
                        "name": {
                            "constant_value": "restricted-gce"
                        },
                        "network_interface": [
                            {
                                "subnetwork": {
                                    "constant_value": "default"
                                }
                            }
                        ],
                        "scratch_disk": [
                            {
                                "interface": {
                                    "constant_value": "SCSI"
                                }
                            }
                        ],
                        "zone": {
                            "constant_value": "us-west1-a"
                        }
                    },
                    "schema_version": 6,
                    "raw_data": {
                        "FileName": "main.tf",
                        "StartLine": 36,
                        "EndLine": 57
                    }
                },
                {
                    "address": "google_compute_target_pool.default",
                    "mode": "managed",
                    "type": "google_compute_target_pool",
                    "name": "default",
                    "provider_config_key": "google-beta",
                    "expressions": {
                        "health_checks": {
                            "references": [
                                "google_compute_http_health_check.default"
                            ]
                        },
                        "instances": {
                            "references": [
                                "google_compute_instance.restricted-ssh"
                            ]
                        },
                        "name": {
                            "constant_value": "default-tp"
                        },
                        "project": {
                            "constant_value": "dev-for-tests"
                        },
                        "region": {
                            "constant_value": "us-west1"
                        }
                    },
                    "schema_version": 0,
                    "raw_data": {
                        "FileName": "main.tf",
                        "StartLine": 16,
                        "EndLine": 23
                    }
                }
            ]
        }
    }
}