{"format_version":"0.1","terraform_version":"0.12.29","planned_values":{"root_module":{"child_modules":[{"resources":[{"address":"module.test_module.aws_neptune_cluster.test","mode":"managed","type":"aws_neptune_cluster","name":"test","provider_name":"aws","schema_version":0,"values":{"apply_immediately":true,"backup_retention_period":1,"cluster_identifier":"cloudrail-test-encrypted","deletion_protection":null,"enable_cloudwatch_logs_exports":null,"engine":"neptune","final_snapshot_identifier":null,"iam_database_authentication_enabled":null,"iam_roles":null,"neptune_cluster_parameter_group_name":"default.neptune1","port":8182,"replication_source_identifier":null,"skip_final_snapshot":true,"snapshot_identifier":null,"storage_encrypted":true,"tags":null,"timeouts":null}}],"address":"module.test_module"}]}},"resource_changes":[{"address":"module.test_module.aws_neptune_cluster.test","module_address":"module.test_module","mode":"managed","type":"aws_neptune_cluster","name":"test","provider_name":"aws","change":{"actions":["create"],"before":null,"after":{"apply_immediately":true,"backup_retention_period":1,"cluster_identifier":"cloudrail-test-encrypted","deletion_protection":null,"enable_cloudwatch_logs_exports":null,"engine":"neptune","final_snapshot_identifier":null,"iam_database_authentication_enabled":null,"iam_roles":null,"neptune_cluster_parameter_group_name":"default.neptune1","port":8182,"replication_source_identifier":null,"skip_final_snapshot":true,"snapshot_identifier":null,"storage_encrypted":true,"tags":null,"timeouts":null},"after_unknown":{"arn":true,"availability_zones":true,"cluster_identifier_prefix":true,"cluster_members":true,"cluster_resource_id":true,"endpoint":true,"engine_version":true,"hosted_zone_id":true,"id":true,"kms_key_arn":true,"neptune_subnet_group_name":true,"preferred_backup_window":true,"preferred_maintenance_window":true,"reader_endpoint":true,"vpc_security_group_ids":true}}}],"configuration":{"provider_config":{"aws":{"name":"aws","version_constraint":"2.70.0","expressions":{"region":{"constant_value":"us-east-1"}}},"test_module:aws":{"name":"aws","module_address":"test_module","expressions":{"region":{"constant_value":"us-east-1"}}}},"root_module":{"module_calls":{"test_module":{"source":"./neptune_clusters/encrypted_at_rest","module":{"resources":[{"address":"aws_neptune_cluster.test","mode":"managed","type":"aws_neptune_cluster","name":"test","provider_config_key":"test_module:aws","expressions":{"apply_immediately":{"constant_value":true},"cluster_identifier":{"constant_value":"cloudrail-test-encrypted"},"engine":{"constant_value":"neptune"},"skip_final_snapshot":{"constant_value":true},"storage_encrypted":{"constant_value":true}},"schema_version":0,"raw_data":{"FileName":"neptune_clusters/encrypted_at_rest/main.tf","StartLine":5,"EndLine":11}}]},"raw_data":{"FileName":"main.tf","StartLine":7,"EndLine":9}}}}}}
