{"format_version":"0.1","terraform_version":"0.12.29","planned_values":{"root_module":{"resources":[{"address":"aws_db_subnet_group.free","mode":"managed","type":"aws_db_subnet_group","name":"free","provider_name":"aws","schema_version":0,"values":{"description":"Managed by Terraform","name":"free","subnet_ids":["aws_subnet.free_1.id","aws_subnet.free_2.id"],"tags":null}},{"address":"aws_internet_gateway.igw","mode":"managed","type":"aws_internet_gateway","name":"igw","provider_name":"aws","schema_version":0,"values":{"tags":null,"vpc_id":"aws_vpc.external.id"}},{"address":"aws_neptune_cluster.encrypted_neptune_cluster","mode":"managed","type":"aws_neptune_cluster","name":"encrypted_neptune_cluster","provider_name":"aws","schema_version":0,"values":{"apply_immediately":true,"backup_retention_period":1,"cluster_identifier":"cloudrail-test-encrypted","deletion_protection":null,"enable_cloudwatch_logs_exports":null,"engine":"neptune","final_snapshot_identifier":null,"iam_database_authentication_enabled":null,"iam_roles":null,"neptune_cluster_parameter_group_name":"default.neptune1","neptune_subnet_group_name":"free","port":8182,"replication_source_identifier":null,"skip_final_snapshot":true,"snapshot_identifier":null,"storage_encrypted":true,"tags":null,"timeouts":null,"vpc_security_group_ids":["aws_security_group.free.id"]}},{"address":"aws_neptune_cluster_instance.neptune_instance[0]","mode":"managed","type":"aws_neptune_cluster_instance","name":"neptune_instance","index":0,"provider_name":"aws","schema_version":0,"values":{"apply_immediately":true,"auto_minor_version_upgrade":true,"cluster_identifier":"cloudrail-test-encrypted","engine":"neptune","instance_class":"db.r4.large","neptune_parameter_group_name":"default.neptune1","port":8182,"promotion_tier":0,"publicly_accessible":true,"tags":null,"timeouts":null}},{"address":"aws_neptune_cluster_instance.neptune_instance[1]","mode":"managed","type":"aws_neptune_cluster_instance","name":"neptune_instance","index":1,"provider_name":"aws","schema_version":0,"values":{"apply_immediately":true,"auto_minor_version_upgrade":true,"cluster_identifier":"cloudrail-test-encrypted","engine":"neptune","instance_class":"db.r4.large","neptune_parameter_group_name":"default.neptune1","port":8182,"promotion_tier":0,"publicly_accessible":true,"tags":null,"timeouts":null}},{"address":"aws_route_table.rt","mode":"managed","type":"aws_route_table","name":"rt","provider_name":"aws","schema_version":0,"values":{"route":[{"cidr_block":"0.0.0.0/0","egress_only_gateway_id":"","gateway_id":"aws_internet_gateway.igw.id","instance_id":"","ipv6_cidr_block":"","local_gateway_id":"","nat_gateway_id":"","network_interface_id":"","transit_gateway_id":"","vpc_endpoint_id":"","vpc_peering_connection_id":""}],"tags":null,"vpc_id":"aws_vpc.external.id"}},{"address":"aws_route_table_association.rt1","mode":"managed","type":"aws_route_table_association","name":"rt1","provider_name":"aws","schema_version":0,"values":{"gateway_id":null,"route_table_id":"aws_route_table.rt.id","subnet_id":"aws_subnet.free_1.id"}},{"address":"aws_route_table_association.rt2","mode":"managed","type":"aws_route_table_association","name":"rt2","provider_name":"aws","schema_version":0,"values":{"gateway_id":null,"route_table_id":"aws_route_table.rt.id","subnet_id":"aws_subnet.free_2.id"}},{"address":"aws_security_group.free","mode":"managed","type":"aws_security_group","name":"free","provider_name":"aws","schema_version":1,"values":{"description":"Managed by Terraform","ingress":[{"cidr_blocks":["0.0.0.0/0"],"description":"","from_port":0,"ipv6_cidr_blocks":[],"prefix_list_ids":[],"protocol":"tcp","security_groups":[],"self":false,"to_port":64000}],"revoke_rules_on_delete":false,"tags":null,"timeouts":null,"vpc_id":"aws_vpc.external.id"}},{"address":"aws_subnet.free_1","mode":"managed","type":"aws_subnet","name":"free_1","provider_name":"aws","schema_version":1,"values":{"assign_ipv6_address_on_creation":false,"availability_zone":"us-east-1a","cidr_block":"10.1.1.128/25","customer_owned_ipv4_pool":null,"ipv6_cidr_block":null,"map_customer_owned_ip_on_launch":null,"map_public_ip_on_launch":false,"outpost_arn":null,"tags":null,"timeouts":null,"vpc_id":"aws_vpc.external.id"}},{"address":"aws_subnet.free_2","mode":"managed","type":"aws_subnet","name":"free_2","provider_name":"aws","schema_version":1,"values":{"assign_ipv6_address_on_creation":false,"availability_zone":"us-east-1b","cidr_block":"10.1.1.0/25","customer_owned_ipv4_pool":null,"ipv6_cidr_block":null,"map_customer_owned_ip_on_launch":null,"map_public_ip_on_launch":false,"outpost_arn":null,"tags":null,"timeouts":null,"vpc_id":"aws_vpc.external.id"}},{"address":"aws_vpc.external","mode":"managed","type":"aws_vpc","name":"external","provider_name":"aws","schema_version":1,"values":{"assign_generated_ipv6_cidr_block":false,"cidr_block":"10.1.1.0/24","enable_dns_hostnames":true,"enable_dns_support":true,"instance_tenancy":"default","tags":{"Name":"external-vpc"}}}]}},"resource_changes":[{"address":"aws_db_subnet_group.free","mode":"managed","type":"aws_db_subnet_group","name":"free","provider_name":"aws","change":{"actions":["create"],"before":null,"after":{"description":"Managed by Terraform","name":"free","subnet_ids":["aws_subnet.free_1.id","aws_subnet.free_2.id"],"tags":null},"after_unknown":{"arn":true,"id":true,"name_prefix":true,"subnet_ids":[false,false]}}},{"address":"aws_internet_gateway.igw","mode":"managed","type":"aws_internet_gateway","name":"igw","provider_name":"aws","change":{"actions":["create"],"before":null,"after":{"tags":null,"vpc_id":"aws_vpc.external.id"},"after_unknown":{"arn":true,"id":true,"owner_id":true}}},{"address":"aws_neptune_cluster.encrypted_neptune_cluster","mode":"managed","type":"aws_neptune_cluster","name":"encrypted_neptune_cluster","provider_name":"aws","change":{"actions":["create"],"before":null,"after":{"apply_immediately":true,"backup_retention_period":1,"cluster_identifier":"cloudrail-test-encrypted","deletion_protection":null,"enable_cloudwatch_logs_exports":null,"engine":"neptune","final_snapshot_identifier":null,"iam_database_authentication_enabled":null,"iam_roles":null,"neptune_cluster_parameter_group_name":"default.neptune1","neptune_subnet_group_name":"free","port":8182,"replication_source_identifier":null,"skip_final_snapshot":true,"snapshot_identifier":null,"storage_encrypted":true,"tags":null,"timeouts":null,"vpc_security_group_ids":["aws_security_group.free.id"]},"after_unknown":{"arn":true,"availability_zones":true,"cluster_identifier_prefix":true,"cluster_members":true,"cluster_resource_id":true,"endpoint":true,"engine_version":true,"hosted_zone_id":true,"id":true,"kms_key_arn":true,"preferred_backup_window":true,"preferred_maintenance_window":true,"reader_endpoint":true,"vpc_security_group_ids":[false]}}},{"address":"aws_neptune_cluster_instance.neptune_instance[0]","mode":"managed","type":"aws_neptune_cluster_instance","name":"neptune_instance","index":0,"provider_name":"aws","change":{"actions":["create"],"before":null,"after":{"apply_immediately":true,"auto_minor_version_upgrade":true,"cluster_identifier":"cloudrail-test-encrypted","engine":"neptune","instance_class":"db.r4.large","neptune_parameter_group_name":"default.neptune1","port":8182,"promotion_tier":0,"publicly_accessible":true,"tags":null,"timeouts":null},"after_unknown":{"address":true,"arn":true,"availability_zone":true,"dbi_resource_id":true,"endpoint":true,"engine_version":true,"id":true,"identifier":true,"identifier_prefix":true,"kms_key_arn":true,"neptune_subnet_group_name":true,"preferred_backup_window":true,"preferred_maintenance_window":true,"storage_encrypted":true,"writer":true}}},{"address":"aws_neptune_cluster_instance.neptune_instance[1]","mode":"managed","type":"aws_neptune_cluster_instance","name":"neptune_instance","index":1,"provider_name":"aws","change":{"actions":["create"],"before":null,"after":{"apply_immediately":true,"auto_minor_version_upgrade":true,"cluster_identifier":"cloudrail-test-encrypted","engine":"neptune","instance_class":"db.r4.large","neptune_parameter_group_name":"default.neptune1","port":8182,"promotion_tier":0,"publicly_accessible":true,"tags":null,"timeouts":null},"after_unknown":{"address":true,"arn":true,"availability_zone":true,"dbi_resource_id":true,"endpoint":true,"engine_version":true,"id":true,"identifier":true,"identifier_prefix":true,"kms_key_arn":true,"neptune_subnet_group_name":true,"preferred_backup_window":true,"preferred_maintenance_window":true,"storage_encrypted":true,"writer":true}}},{"address":"aws_route_table.rt","mode":"managed","type":"aws_route_table","name":"rt","provider_name":"aws","change":{"actions":["create"],"before":null,"after":{"route":[{"cidr_block":"0.0.0.0/0","egress_only_gateway_id":"","gateway_id":"aws_internet_gateway.igw.id","instance_id":"","ipv6_cidr_block":"","local_gateway_id":"","nat_gateway_id":"","network_interface_id":"","transit_gateway_id":"","vpc_endpoint_id":"","vpc_peering_connection_id":""}],"tags":null,"vpc_id":"aws_vpc.external.id"},"after_unknown":{"id":true,"owner_id":true,"propagating_vgws":true,"route":[{}]}}},{"address":"aws_route_table_association.rt1","mode":"managed","type":"aws_route_table_association","name":"rt1","provider_name":"aws","change":{"actions":["create"],"before":null,"after":{"gateway_id":null,"route_table_id":"aws_route_table.rt.id","subnet_id":"aws_subnet.free_1.id"},"after_unknown":{"id":true}}},{"address":"aws_route_table_association.rt2","mode":"managed","type":"aws_route_table_association","name":"rt2","provider_name":"aws","change":{"actions":["create"],"before":null,"after":{"gateway_id":null,"route_table_id":"aws_route_table.rt.id","subnet_id":"aws_subnet.free_2.id"},"after_unknown":{"id":true}}},{"address":"aws_security_group.free","mode":"managed","type":"aws_security_group","name":"free","provider_name":"aws","change":{"actions":["create"],"before":null,"after":{"description":"Managed by Terraform","ingress":[{"cidr_blocks":["0.0.0.0/0"],"description":"","from_port":0,"ipv6_cidr_blocks":[],"prefix_list_ids":[],"protocol":"tcp","security_groups":[],"self":false,"to_port":64000}],"revoke_rules_on_delete":false,"tags":null,"timeouts":null,"vpc_id":"aws_vpc.external.id"},"after_unknown":{"arn":true,"egress":true,"id":true,"ingress":[{"cidr_blocks":[false],"ipv6_cidr_blocks":[],"prefix_list_ids":[],"security_groups":[]}],"name":true,"name_prefix":true,"owner_id":true}}},{"address":"aws_subnet.free_1","mode":"managed","type":"aws_subnet","name":"free_1","provider_name":"aws","change":{"actions":["create"],"before":null,"after":{"assign_ipv6_address_on_creation":false,"availability_zone":"us-east-1a","cidr_block":"10.1.1.128/25","customer_owned_ipv4_pool":null,"ipv6_cidr_block":null,"map_customer_owned_ip_on_launch":null,"map_public_ip_on_launch":false,"outpost_arn":null,"tags":null,"timeouts":null,"vpc_id":"aws_vpc.external.id"},"after_unknown":{"arn":true,"availability_zone_id":true,"id":true,"ipv6_cidr_block_association_id":true,"owner_id":true}}},{"address":"aws_subnet.free_2","mode":"managed","type":"aws_subnet","name":"free_2","provider_name":"aws","change":{"actions":["create"],"before":null,"after":{"assign_ipv6_address_on_creation":false,"availability_zone":"us-east-1b","cidr_block":"10.1.1.0/25","customer_owned_ipv4_pool":null,"ipv6_cidr_block":null,"map_customer_owned_ip_on_launch":null,"map_public_ip_on_launch":false,"outpost_arn":null,"tags":null,"timeouts":null,"vpc_id":"aws_vpc.external.id"},"after_unknown":{"arn":true,"availability_zone_id":true,"id":true,"ipv6_cidr_block_association_id":true,"owner_id":true}}},{"address":"aws_vpc.external","mode":"managed","type":"aws_vpc","name":"external","provider_name":"aws","change":{"actions":["create"],"before":null,"after":{"assign_generated_ipv6_cidr_block":false,"cidr_block":"10.1.1.0/24","enable_dns_hostnames":true,"enable_dns_support":true,"instance_tenancy":"default","tags":{"Name":"external-vpc"}},"after_unknown":{"arn":true,"default_network_acl_id":true,"default_route_table_id":true,"default_security_group_id":true,"dhcp_options_id":true,"enable_classiclink":true,"enable_classiclink_dns_support":true,"id":true,"ipv6_association_id":true,"ipv6_cidr_block":true,"main_route_table_id":true,"owner_id":true,"tags":{}}}}],"configuration":{"provider_config":{"aws":{"name":"aws","expressions":{"region":{"constant_value":"us-east-1"}}}},"root_module":{"resources":[{"address":"aws_db_subnet_group.free","mode":"managed","type":"aws_db_subnet_group","name":"free","provider_config_key":"aws","expressions":{"name":{"constant_value":"free"},"subnet_ids":{"references":["aws_subnet.free_1","aws_subnet.free_2"]}},"schema_version":0,"raw_data":{"FileName":"main.tf","StartLine":59,"EndLine":64}},{"address":"aws_internet_gateway.igw","mode":"managed","type":"aws_internet_gateway","name":"igw","provider_config_key":"aws","expressions":{"vpc_id":{"references":["aws_vpc.external"]}},"schema_version":0,"raw_data":{"FileName":"main.tf","StartLine":14,"EndLine":16}},{"address":"aws_neptune_cluster.encrypted_neptune_cluster","mode":"managed","type":"aws_neptune_cluster","name":"encrypted_neptune_cluster","provider_config_key":"aws","expressions":{"apply_immediately":{"constant_value":true},"cluster_identifier":{"constant_value":"cloudrail-test-encrypted"},"engine":{"constant_value":"neptune"},"neptune_subnet_group_name":{"references":["aws_db_subnet_group.free"]},"skip_final_snapshot":{"constant_value":true},"storage_encrypted":{"constant_value":true},"vpc_security_group_ids":{"references":["aws_security_group.free"]}},"schema_version":0,"raw_data":{"FileName":"main.tf","StartLine":66,"EndLine":74}},{"address":"aws_neptune_cluster_instance.neptune_instance","mode":"managed","type":"aws_neptune_cluster_instance","name":"neptune_instance","provider_config_key":"aws","expressions":{"apply_immediately":{"constant_value":true},"cluster_identifier":{"references":["aws_neptune_cluster.encrypted_neptune_cluster"]},"engine":{"constant_value":"neptune"},"instance_class":{"constant_value":"db.r4.large"},"publicly_accessible":{"constant_value":true}},"schema_version":0,"count_expression":{"constant_value":2},"raw_data":{"FileName":"main.tf","StartLine":76,"EndLine":83}},{"address":"aws_route_table.rt","mode":"managed","type":"aws_route_table","name":"rt","provider_config_key":"aws","expressions":{"vpc_id":{"references":["aws_vpc.external"]}},"schema_version":0,"raw_data":{"FileName":"main.tf","StartLine":29,"EndLine":35}},{"address":"aws_route_table_association.rt1","mode":"managed","type":"aws_route_table_association","name":"rt1","provider_config_key":"aws","expressions":{"route_table_id":{"references":["aws_route_table.rt"]},"subnet_id":{"references":["aws_subnet.free_1"]}},"schema_version":0,"raw_data":{"FileName":"main.tf","StartLine":37,"EndLine":40}},{"address":"aws_route_table_association.rt2","mode":"managed","type":"aws_route_table_association","name":"rt2","provider_config_key":"aws","expressions":{"route_table_id":{"references":["aws_route_table.rt"]},"subnet_id":{"references":["aws_subnet.free_2"]}},"schema_version":0,"raw_data":{"FileName":"main.tf","StartLine":42,"EndLine":45}},{"address":"aws_security_group.free","mode":"managed","type":"aws_security_group","name":"free","provider_config_key":"aws","expressions":{"vpc_id":{"references":["aws_vpc.external"]}},"schema_version":1,"raw_data":{"FileName":"main.tf","StartLine":18,"EndLine":27}},{"address":"aws_subnet.free_1","mode":"managed","type":"aws_subnet","name":"free_1","provider_config_key":"aws","expressions":{"availability_zone":{"constant_value":"us-east-1a"},"cidr_block":{"constant_value":"10.1.1.128/25"},"vpc_id":{"references":["aws_vpc.external"]}},"schema_version":1,"raw_data":{"FileName":"main.tf","StartLine":47,"EndLine":51}},{"address":"aws_subnet.free_2","mode":"managed","type":"aws_subnet","name":"free_2","provider_config_key":"aws","expressions":{"availability_zone":{"constant_value":"us-east-1b"},"cidr_block":{"constant_value":"10.1.1.0/25"},"vpc_id":{"references":["aws_vpc.external"]}},"schema_version":1,"raw_data":{"FileName":"main.tf","StartLine":53,"EndLine":57}},{"address":"aws_vpc.external","mode":"managed","type":"aws_vpc","name":"external","provider_config_key":"aws","expressions":{"cidr_block":{"constant_value":"10.1.1.0/24"},"enable_dns_hostnames":{"constant_value":"true"},"enable_dns_support":{"constant_value":"true"},"tags":{"constant_value":{"Name":"external-vpc"}}},"schema_version":1,"raw_data":{"FileName":"main.tf","StartLine":5,"EndLine":12}}]}}}
