{"format_version":"0.1","terraform_version":"0.13.4","planned_values":{"root_module":{"resources":[{"address":"aws_eks_cluster.my-eks-cluster","mode":"managed","type":"aws_eks_cluster","name":"my-eks-cluster","provider_name":"registry.terraform.io/hashicorp/aws","schema_version":0,"values":{"enabled_cluster_log_types":null,"encryption_config":[],"kubernetes_network_config":[],"name":"example","role_arn":"aws_iam_role.eks-cluster-role.arn","tags":null,"timeouts":null,"vpc_config":[{"cluster_security_group_id":null,"endpoint_private_access":null,"endpoint_public_access":null,"public_access_cidrs":null,"security_group_ids":null,"subnet_ids":["aws_subnet.private-subnet.id","aws_subnet.private-subnet_2.id"],"vpc_id":null}]}},{"address":"aws_iam_policy.policy","mode":"managed","type":"aws_iam_policy","name":"policy","provider_name":"registry.terraform.io/hashicorp/aws","schema_version":0,"values":{"description":"allow_role_eks_operations","name":"allow_role_eks_operations","name_prefix":null,"path":"/","policy":"{\n    \"Version\": \"2012-10-17\",\n    \"Statement\": [\n      {\n        \"NotAction\": [\n          \"eks:StartJobRun\"\n        ],\n        \"Effect\": \"Allow\",\n        \"Resource\": \"*\"\n      }\n    ]\n  }\n","tags":null}},{"address":"aws_iam_role.eks-cluster-role","mode":"managed","type":"aws_iam_role","name":"eks-cluster-role","provider_name":"registry.terraform.io/hashicorp/aws","schema_version":0,"values":{"assume_role_policy":"{\n  \"Version\": \"2012-10-17\",\n  \"Statement\": [\n    {\n      \"Effect\": \"Allow\",\n      \"Principal\": {\n        \"Service\": \"eks.amazonaws.com\"\n      },\n      \"Action\": \"sts:AssumeRole\"\n    }\n  ]\n}\n","description":null,"force_detach_policies":false,"inline_policy":[],"max_session_duration":3600,"name":"eks-cluster-role","name_prefix":null,"path":"/","permissions_boundary":null,"tags":null}},{"address":"aws_iam_role_policy_attachment.attach-eks-policy-to-eks-cluster-role","mode":"managed","type":"aws_iam_role_policy_attachment","name":"attach-eks-policy-to-eks-cluster-role","provider_name":"registry.terraform.io/hashicorp/aws","schema_version":0,"values":{"policy_arn":"arn:aws:iam::aws:policy/AmazonEKSClusterPolicy","role":"eks-cluster-role"}},{"address":"aws_iam_role_policy_attachment.attach-policy-to-eks-cluster-role","mode":"managed","type":"aws_iam_role_policy_attachment","name":"attach-policy-to-eks-cluster-role","provider_name":"registry.terraform.io/hashicorp/aws","schema_version":0,"values":{"policy_arn":"aws_iam_policy.policy.arn","role":"eks-cluster-role"}},{"address":"aws_subnet.private-subnet","mode":"managed","type":"aws_subnet","name":"private-subnet","provider_name":"registry.terraform.io/hashicorp/aws","schema_version":1,"values":{"assign_ipv6_address_on_creation":false,"availability_zone":"us-east-1a","cidr_block":"192.168.14.128/26","customer_owned_ipv4_pool":null,"ipv6_cidr_block":null,"map_customer_owned_ip_on_launch":null,"map_public_ip_on_launch":false,"outpost_arn":null,"tags":null,"timeouts":null,"vpc_id":"aws_vpc.test-vpc.id"}},{"address":"aws_subnet.private-subnet_2","mode":"managed","type":"aws_subnet","name":"private-subnet_2","provider_name":"registry.terraform.io/hashicorp/aws","schema_version":1,"values":{"assign_ipv6_address_on_creation":false,"availability_zone":"us-east-1b","cidr_block":"192.168.14.192/26","customer_owned_ipv4_pool":null,"ipv6_cidr_block":null,"map_customer_owned_ip_on_launch":null,"map_public_ip_on_launch":false,"outpost_arn":null,"tags":null,"timeouts":null,"vpc_id":"aws_vpc.test-vpc.id"}},{"address":"aws_vpc.test-vpc","mode":"managed","type":"aws_vpc","name":"test-vpc","provider_name":"registry.terraform.io/hashicorp/aws","schema_version":1,"values":{"assign_generated_ipv6_cidr_block":false,"cidr_block":"192.168.14.0/24","enable_dns_support":true,"instance_tenancy":"default","tags":null}}]}},"resource_changes":[{"address":"aws_eks_cluster.my-eks-cluster","mode":"managed","type":"aws_eks_cluster","name":"my-eks-cluster","provider_name":"registry.terraform.io/hashicorp/aws","change":{"actions":["create"],"before":null,"after":{"enabled_cluster_log_types":null,"encryption_config":[],"kubernetes_network_config":[],"name":"example","role_arn":"aws_iam_role.eks-cluster-role.arn","tags":null,"timeouts":null,"vpc_config":[{"cluster_security_group_id":null,"endpoint_private_access":null,"endpoint_public_access":null,"public_access_cidrs":null,"security_group_ids":null,"subnet_ids":["aws_subnet.private-subnet.id","aws_subnet.private-subnet_2.id"],"vpc_id":null}]},"after_unknown":{"arn":true,"certificate_authority":true,"created_at":true,"encryption_config":[],"endpoint":true,"id":true,"identity":true,"kubernetes_network_config":[],"platform_version":true,"status":true,"tags_all":true,"version":true,"vpc_config":[{"subnet_ids":[false,false]}]}}},{"address":"aws_iam_policy.policy","mode":"managed","type":"aws_iam_policy","name":"policy","provider_name":"registry.terraform.io/hashicorp/aws","change":{"actions":["create"],"before":null,"after":{"description":"allow_role_eks_operations","name":"allow_role_eks_operations","name_prefix":null,"path":"/","policy":"{\n    \"Version\": \"2012-10-17\",\n    \"Statement\": [\n      {\n        \"NotAction\": [\n          \"eks:StartJobRun\"\n        ],\n        \"Effect\": \"Allow\",\n        \"Resource\": \"*\"\n      }\n    ]\n  }\n","tags":null},"after_unknown":{"arn":true,"id":true,"policy_id":true,"tags_all":true}}},{"address":"aws_iam_role.eks-cluster-role","mode":"managed","type":"aws_iam_role","name":"eks-cluster-role","provider_name":"registry.terraform.io/hashicorp/aws","change":{"actions":["create"],"before":null,"after":{"assume_role_policy":"{\n  \"Version\": \"2012-10-17\",\n  \"Statement\": [\n    {\n      \"Effect\": \"Allow\",\n      \"Principal\": {\n        \"Service\": \"eks.amazonaws.com\"\n      },\n      \"Action\": \"sts:AssumeRole\"\n    }\n  ]\n}\n","description":null,"force_detach_policies":false,"inline_policy":[],"max_session_duration":3600,"name":"eks-cluster-role","name_prefix":null,"path":"/","permissions_boundary":null,"tags":null},"after_unknown":{"arn":true,"create_date":true,"id":true,"inline_policy":[],"managed_policy_arns":true,"tags_all":true,"unique_id":true}}},{"address":"aws_iam_role_policy_attachment.attach-eks-policy-to-eks-cluster-role","mode":"managed","type":"aws_iam_role_policy_attachment","name":"attach-eks-policy-to-eks-cluster-role","provider_name":"registry.terraform.io/hashicorp/aws","change":{"actions":["create"],"before":null,"after":{"policy_arn":"arn:aws:iam::aws:policy/AmazonEKSClusterPolicy","role":"eks-cluster-role"},"after_unknown":{"id":true}}},{"address":"aws_iam_role_policy_attachment.attach-policy-to-eks-cluster-role","mode":"managed","type":"aws_iam_role_policy_attachment","name":"attach-policy-to-eks-cluster-role","provider_name":"registry.terraform.io/hashicorp/aws","change":{"actions":["create"],"before":null,"after":{"policy_arn":"aws_iam_policy.policy.arn","role":"eks-cluster-role"},"after_unknown":{"id":true}}},{"address":"aws_subnet.private-subnet","mode":"managed","type":"aws_subnet","name":"private-subnet","provider_name":"registry.terraform.io/hashicorp/aws","change":{"actions":["create"],"before":null,"after":{"assign_ipv6_address_on_creation":false,"availability_zone":"us-east-1a","cidr_block":"192.168.14.128/26","customer_owned_ipv4_pool":null,"ipv6_cidr_block":null,"map_customer_owned_ip_on_launch":null,"map_public_ip_on_launch":false,"outpost_arn":null,"tags":null,"timeouts":null,"vpc_id":"aws_vpc.test-vpc.id"},"after_unknown":{"arn":true,"availability_zone_id":true,"id":true,"ipv6_cidr_block_association_id":true,"owner_id":true,"tags_all":true}}},{"address":"aws_subnet.private-subnet_2","mode":"managed","type":"aws_subnet","name":"private-subnet_2","provider_name":"registry.terraform.io/hashicorp/aws","change":{"actions":["create"],"before":null,"after":{"assign_ipv6_address_on_creation":false,"availability_zone":"us-east-1b","cidr_block":"192.168.14.192/26","customer_owned_ipv4_pool":null,"ipv6_cidr_block":null,"map_customer_owned_ip_on_launch":null,"map_public_ip_on_launch":false,"outpost_arn":null,"tags":null,"timeouts":null,"vpc_id":"aws_vpc.test-vpc.id"},"after_unknown":{"arn":true,"availability_zone_id":true,"id":true,"ipv6_cidr_block_association_id":true,"owner_id":true,"tags_all":true}}},{"address":"aws_vpc.test-vpc","mode":"managed","type":"aws_vpc","name":"test-vpc","provider_name":"registry.terraform.io/hashicorp/aws","change":{"actions":["create"],"before":null,"after":{"assign_generated_ipv6_cidr_block":false,"cidr_block":"192.168.14.0/24","enable_dns_support":true,"instance_tenancy":"default","tags":null},"after_unknown":{"arn":true,"default_network_acl_id":true,"default_route_table_id":true,"default_security_group_id":true,"dhcp_options_id":true,"enable_classiclink":true,"enable_classiclink_dns_support":true,"enable_dns_hostnames":true,"id":true,"ipv6_association_id":true,"ipv6_cidr_block":true,"main_route_table_id":true,"owner_id":true,"tags_all":true}}}],"configuration":{"provider_config":{"aws":{"name":"aws","expressions":{"region":{"constant_value":"us-east-1"}}}},"root_module":{"resources":[{"address":"aws_eks_cluster.my-eks-cluster","mode":"managed","type":"aws_eks_cluster","name":"my-eks-cluster","provider_config_key":"aws","expressions":{"name":{"constant_value":"example"},"role_arn":{"references":["aws_iam_role.eks-cluster-role"]},"vpc_config":[{"subnet_ids":{"references":["aws_subnet.private-subnet","aws_subnet.private-subnet_2"]}}]},"schema_version":0,"raw_data":{"FileName":"main.tf","StartLine":24,"EndLine":35}},{"address":"aws_iam_policy.policy","mode":"managed","type":"aws_iam_policy","name":"policy","provider_config_key":"aws","expressions":{"description":{"constant_value":"allow_role_eks_operations"},"name":{"constant_value":"allow_role_eks_operations"},"policy":{"constant_value":"{\n    \"Version\": \"2012-10-17\",\n    \"Statement\": [\n      {\n        \"NotAction\": [\n          \"eks:StartJobRun\"\n        ],\n        \"Effect\": \"Allow\",\n        \"Resource\": \"*\"\n      }\n    ]\n  }\n"}},"schema_version":0,"raw_data":{"FileName":"main.tf","StartLine":56,"EndLine":74}},{"address":"aws_iam_role.eks-cluster-role","mode":"managed","type":"aws_iam_role","name":"eks-cluster-role","provider_config_key":"aws","expressions":{"assume_role_policy":{"constant_value":"{\n  \"Version\": \"2012-10-17\",\n  \"Statement\": [\n    {\n      \"Effect\": \"Allow\",\n      \"Principal\": {\n        \"Service\": \"eks.amazonaws.com\"\n      },\n      \"Action\": \"sts:AssumeRole\"\n    }\n  ]\n}\n"},"name":{"constant_value":"eks-cluster-role"}},"schema_version":0,"raw_data":{"FileName":"main.tf","StartLine":37,"EndLine":54}},{"address":"aws_iam_role_policy_attachment.attach-eks-policy-to-eks-cluster-role","mode":"managed","type":"aws_iam_role_policy_attachment","name":"attach-eks-policy-to-eks-cluster-role","provider_config_key":"aws","expressions":{"policy_arn":{"constant_value":"arn:aws:iam::aws:policy/AmazonEKSClusterPolicy"},"role":{"references":["aws_iam_role.eks-cluster-role"]}},"schema_version":0,"raw_data":{"FileName":"main.tf","StartLine":81,"EndLine":84}},{"address":"aws_iam_role_policy_attachment.attach-policy-to-eks-cluster-role","mode":"managed","type":"aws_iam_role_policy_attachment","name":"attach-policy-to-eks-cluster-role","provider_config_key":"aws","expressions":{"policy_arn":{"references":["aws_iam_policy.policy"]},"role":{"references":["aws_iam_role.eks-cluster-role"]}},"schema_version":0,"raw_data":{"FileName":"main.tf","StartLine":76,"EndLine":79}},{"address":"aws_subnet.private-subnet","mode":"managed","type":"aws_subnet","name":"private-subnet","provider_config_key":"aws","expressions":{"availability_zone":{"constant_value":"us-east-1a"},"cidr_block":{"references":["local.cidr_block_1"]},"vpc_id":{"references":["aws_vpc.test-vpc"]}},"schema_version":1,"raw_data":{"FileName":"main.tf","StartLine":12,"EndLine":16}},{"address":"aws_subnet.private-subnet_2","mode":"managed","type":"aws_subnet","name":"private-subnet_2","provider_config_key":"aws","expressions":{"availability_zone":{"constant_value":"us-east-1b"},"cidr_block":{"references":["local.cidr_block_2"]},"vpc_id":{"references":["aws_vpc.test-vpc"]}},"schema_version":1,"raw_data":{"FileName":"main.tf","StartLine":18,"EndLine":22}},{"address":"aws_vpc.test-vpc","mode":"managed","type":"aws_vpc","name":"test-vpc","provider_config_key":"aws","expressions":{"cidr_block":{"references":["local.vpc_cidr_block"]}},"schema_version":1,"raw_data":{"FileName":"main.tf","StartLine":8,"EndLine":10}}]}}}
