{"format_version":"0.1","terraform_version":"0.13.4","planned_values":{"root_module":{"resources":[{"address":"azurerm_network_interface.nic","mode":"managed","type":"azurerm_network_interface","name":"nic","provider_name":"registry.terraform.io/hashicorp/azurerm","schema_version":0,"values":{"enable_accelerated_networking":false,"enable_ip_forwarding":false,"ip_configuration":[{"name":"ipconfig","private_ip_address_allocation":"dynamic","private_ip_address_version":"IPv4","public_ip_address_id":null,"subnet_id":"azurerm_subnet.subnet.id"}],"location":"westeurope","name":"cr2106nsg-nic","resource_group_name":"cr2106nsg-RG","tags":null,"timeouts":null}},{"address":"azurerm_network_interface_security_group_association.associate","mode":"managed","type":"azurerm_network_interface_security_group_association","name":"associate","provider_name":"registry.terraform.io/hashicorp/azurerm","schema_version":0,"values":{"network_interface_id":"azurerm_network_interface.nic.id","network_security_group_id":"azurerm_network_security_group.nsg.id","timeouts":null}},{"address":"azurerm_network_security_group.nsg","mode":"managed","type":"azurerm_network_security_group","name":"nsg","provider_name":"registry.terraform.io/hashicorp/azurerm","schema_version":0,"values":{"location":"westeurope","name":"cr2106nsg-nsg","resource_group_name":"cr2106nsg-RG","tags":{"environment":"Tests"},"timeouts":null}},{"address":"azurerm_resource_group.rg","mode":"managed","type":"azurerm_resource_group","name":"rg","provider_name":"registry.terraform.io/hashicorp/azurerm","schema_version":0,"values":{"location":"westeurope","name":"cr2106nsg-RG","tags":null,"timeouts":null}},{"address":"azurerm_subnet.subnet","mode":"managed","type":"azurerm_subnet","name":"subnet","provider_name":"registry.terraform.io/hashicorp/azurerm","schema_version":0,"values":{"address_prefixes":["10.12.2.0/24"],"delegation":[],"enforce_private_link_endpoint_network_policies":false,"enforce_private_link_service_network_policies":false,"name":"cr2106nsg-snet","resource_group_name":"cr2106nsg-RG","service_endpoint_policy_ids":null,"service_endpoints":null,"timeouts":null,"virtual_network_name":"cr2106nsg-vnet"}},{"address":"azurerm_virtual_network.vnet","mode":"managed","type":"azurerm_virtual_network","name":"vnet","provider_name":"registry.terraform.io/hashicorp/azurerm","schema_version":0,"values":{"address_space":["10.12.0.0/16"],"bgp_community":null,"ddos_protection_plan":[],"dns_servers":null,"location":"westeurope","name":"cr2106nsg-vnet","resource_group_name":"cr2106nsg-RG","tags":null,"timeouts":null,"vm_protection_enabled":false}}]}},"resource_changes":[{"address":"azurerm_network_interface.nic","mode":"managed","type":"azurerm_network_interface","name":"nic","provider_name":"registry.terraform.io/hashicorp/azurerm","change":{"actions":["create"],"before":null,"after":{"enable_accelerated_networking":false,"enable_ip_forwarding":false,"ip_configuration":[{"name":"ipconfig","private_ip_address_allocation":"dynamic","private_ip_address_version":"IPv4","public_ip_address_id":null,"subnet_id":"azurerm_subnet.subnet.id"}],"location":"westeurope","name":"cr2106nsg-nic","resource_group_name":"cr2106nsg-RG","tags":null,"timeouts":null},"after_unknown":{"applied_dns_servers":true,"dns_servers":true,"id":true,"internal_dns_name_label":true,"internal_domain_name_suffix":true,"ip_configuration":[{"primary":true,"private_ip_address":true}],"mac_address":true,"private_ip_address":true,"private_ip_addresses":true,"virtual_machine_id":true}}},{"address":"azurerm_network_interface_security_group_association.associate","mode":"managed","type":"azurerm_network_interface_security_group_association","name":"associate","provider_name":"registry.terraform.io/hashicorp/azurerm","change":{"actions":["create"],"before":null,"after":{"network_interface_id":"azurerm_network_interface.nic.id","network_security_group_id":"azurerm_network_security_group.nsg.id","timeouts":null},"after_unknown":{"id":true}}},{"address":"azurerm_network_security_group.nsg","mode":"managed","type":"azurerm_network_security_group","name":"nsg","provider_name":"registry.terraform.io/hashicorp/azurerm","change":{"actions":["create"],"before":null,"after":{"location":"westeurope","name":"cr2106nsg-nsg","resource_group_name":"cr2106nsg-RG","tags":{"environment":"Tests"},"timeouts":null},"after_unknown":{"id":true,"security_rule":true,"tags":{}}}},{"address":"azurerm_resource_group.rg","mode":"managed","type":"azurerm_resource_group","name":"rg","provider_name":"registry.terraform.io/hashicorp/azurerm","change":{"actions":["create"],"before":null,"after":{"location":"westeurope","name":"cr2106nsg-RG","tags":null,"timeouts":null},"after_unknown":{"id":true}}},{"address":"azurerm_subnet.subnet","mode":"managed","type":"azurerm_subnet","name":"subnet","provider_name":"registry.terraform.io/hashicorp/azurerm","change":{"actions":["create"],"before":null,"after":{"address_prefixes":["10.12.2.0/24"],"delegation":[],"enforce_private_link_endpoint_network_policies":false,"enforce_private_link_service_network_policies":false,"name":"cr2106nsg-snet","resource_group_name":"cr2106nsg-RG","service_endpoint_policy_ids":null,"service_endpoints":null,"timeouts":null,"virtual_network_name":"cr2106nsg-vnet"},"after_unknown":{"address_prefix":true,"address_prefixes":[false],"delegation":[],"id":true}}},{"address":"azurerm_virtual_network.vnet","mode":"managed","type":"azurerm_virtual_network","name":"vnet","provider_name":"registry.terraform.io/hashicorp/azurerm","change":{"actions":["create"],"before":null,"after":{"address_space":["10.12.0.0/16"],"bgp_community":null,"ddos_protection_plan":[],"dns_servers":null,"location":"westeurope","name":"cr2106nsg-vnet","resource_group_name":"cr2106nsg-RG","tags":null,"timeouts":null,"vm_protection_enabled":false},"after_unknown":{"address_space":[false],"ddos_protection_plan":[],"guid":true,"id":true,"subnet":true}}}],"configuration":{"provider_config":{"azurerm":{"name":"azurerm","expressions":{"features":[{}]}}},"root_module":{"resources":[{"address":"azurerm_network_interface.nic","mode":"managed","type":"azurerm_network_interface","name":"nic","provider_config_key":"azurerm","expressions":{"ip_configuration":[{"name":{"constant_value":"ipconfig"},"private_ip_address_allocation":{"constant_value":"Dynamic"},"subnet_id":{"references":["azurerm_subnet.subnet"]}}],"location":{"references":["azurerm_resource_group.rg"]},"name":{"references":["local.resource_prefix"]},"resource_group_name":{"references":["azurerm_resource_group.rg"]}},"schema_version":0,"raw_data":{"FileName":"main.tf","StartLine":26,"EndLine":36}},{"address":"azurerm_network_interface_security_group_association.associate","mode":"managed","type":"azurerm_network_interface_security_group_association","name":"associate","provider_config_key":"azurerm","expressions":{"network_interface_id":{"references":["azurerm_network_interface.nic"]},"network_security_group_id":{"references":["azurerm_network_security_group.nsg"]}},"schema_version":0,"raw_data":{"FileName":"main.tf","StartLine":48,"EndLine":51}},{"address":"azurerm_network_security_group.nsg","mode":"managed","type":"azurerm_network_security_group","name":"nsg","provider_config_key":"azurerm","expressions":{"location":{"references":["azurerm_resource_group.rg"]},"name":{"references":["local.resource_prefix"]},"resource_group_name":{"references":["azurerm_resource_group.rg"]},"tags":{"references":["local.environment"]}},"schema_version":0,"raw_data":{"FileName":"main.tf","StartLine":38,"EndLine":46}},{"address":"azurerm_resource_group.rg","mode":"managed","type":"azurerm_resource_group","name":"rg","provider_config_key":"azurerm","expressions":{"location":{"constant_value":"West Europe"},"name":{"references":["local.resource_prefix"]}},"schema_version":0,"raw_data":{"FileName":"main.tf","StartLine":7,"EndLine":10}},{"address":"azurerm_subnet.subnet","mode":"managed","type":"azurerm_subnet","name":"subnet","provider_config_key":"azurerm","expressions":{"address_prefixes":{"constant_value":["10.12.2.0/24"]},"name":{"references":["local.resource_prefix"]},"resource_group_name":{"references":["azurerm_resource_group.rg"]},"virtual_network_name":{"references":["azurerm_virtual_network.vnet"]}},"schema_version":0,"raw_data":{"FileName":"main.tf","StartLine":19,"EndLine":24}},{"address":"azurerm_virtual_network.vnet","mode":"managed","type":"azurerm_virtual_network","name":"vnet","provider_config_key":"azurerm","expressions":{"address_space":{"constant_value":["10.12.0.0/16"]},"location":{"references":["azurerm_resource_group.rg"]},"name":{"references":["local.resource_prefix"]},"resource_group_name":{"references":["azurerm_resource_group.rg"]}},"schema_version":0,"raw_data":{"FileName":"main.tf","StartLine":12,"EndLine":17}}]}}}
