{"format_version":"0.2","terraform_version":"1.0.11","planned_values":{"root_module":{"resources":[{"address":"google_sql_database_instance.test-073","mode":"managed","type":"google_sql_database_instance","name":"test-073","provider_name":"registry.terraform.io/hashicorp/google","schema_version":0,"values":{"clone":[],"database_version":"SQLSERVER_2017_STANDARD","deletion_protection":false,"name":"test-instance-073","region":"us-west1","restore_backup_context":[],"root_password":"donthardcodepasswords3v3r","settings":[{"activation_policy":"ALWAYS","availability_type":"ZONAL","collation":null,"database_flags":[{"name":"contained database authentication","value":"on"}],"disk_autoresize":true,"disk_autoresize_limit":0,"disk_type":"PD_SSD","insights_config":[],"maintenance_window":[],"pricing_plan":"PER_USE","tier":"db-custom-1-3840"}],"timeouts":null},"sensitive_values":{"clone":[],"ip_address":[],"replica_configuration":[],"restore_backup_context":[],"server_ca_cert":[],"settings":[{"backup_configuration":[],"database_flags":[{}],"insights_config":[],"ip_configuration":[],"location_preference":[],"maintenance_window":[],"user_labels":{}}]}},{"address":"google_sql_database_instance.test-074","mode":"managed","type":"google_sql_database_instance","name":"test-074","provider_name":"registry.terraform.io/hashicorp/google","schema_version":0,"values":{"clone":[],"database_version":"SQLSERVER_2017_WEB","deletion_protection":false,"name":"test-instance-074","region":"us-west1","restore_backup_context":[],"root_password":"donthardcodepasswords3v3r","settings":[{"activation_policy":"ALWAYS","availability_type":"ZONAL","collation":null,"database_flags":[],"disk_autoresize":true,"disk_autoresize_limit":0,"disk_type":"PD_SSD","insights_config":[],"maintenance_window":[],"pricing_plan":"PER_USE","tier":"db-custom-1-3840"}],"timeouts":null},"sensitive_values":{"clone":[],"ip_address":[],"replica_configuration":[],"restore_backup_context":[],"server_ca_cert":[],"settings":[{"backup_configuration":[],"database_flags":[],"insights_config":[],"ip_configuration":[],"location_preference":[],"maintenance_window":[],"user_labels":{}}]}}]}},"resource_changes":[{"address":"google_sql_database_instance.test-073","mode":"managed","type":"google_sql_database_instance","name":"test-073","provider_name":"registry.terraform.io/hashicorp/google","change":{"actions":["create"],"before":null,"after":{"clone":[],"database_version":"SQLSERVER_2017_STANDARD","deletion_protection":false,"name":"test-instance-073","region":"us-west1","restore_backup_context":[],"root_password":"donthardcodepasswords3v3r","settings":[{"activation_policy":"ALWAYS","availability_type":"ZONAL","collation":null,"database_flags":[{"name":"contained database authentication","value":"on"}],"disk_autoresize":true,"disk_autoresize_limit":0,"disk_type":"PD_SSD","insights_config":[],"maintenance_window":[],"pricing_plan":"PER_USE","tier":"db-custom-1-3840"}],"timeouts":null},"after_unknown":{"clone":[],"connection_name":true,"first_ip_address":true,"id":true,"ip_address":true,"master_instance_name":true,"private_ip_address":true,"project":true,"public_ip_address":true,"replica_configuration":true,"restore_backup_context":[],"self_link":true,"server_ca_cert":true,"service_account_email_address":true,"settings":[{"backup_configuration":true,"database_flags":[{}],"disk_size":true,"insights_config":[],"ip_configuration":true,"location_preference":true,"maintenance_window":[],"user_labels":true,"version":true}]},"before_sensitive":false,"after_sensitive":{"clone":[],"ip_address":[],"replica_configuration":[],"restore_backup_context":[],"root_password":true,"server_ca_cert":[],"settings":[{"backup_configuration":[],"database_flags":[{}],"insights_config":[],"ip_configuration":[],"location_preference":[],"maintenance_window":[],"user_labels":{}}]}}},{"address":"google_sql_database_instance.test-074","mode":"managed","type":"google_sql_database_instance","name":"test-074","provider_name":"registry.terraform.io/hashicorp/google","change":{"actions":["create"],"before":null,"after":{"clone":[],"database_version":"SQLSERVER_2017_WEB","deletion_protection":false,"name":"test-instance-074","region":"us-west1","restore_backup_context":[],"root_password":"donthardcodepasswords3v3r","settings":[{"activation_policy":"ALWAYS","availability_type":"ZONAL","collation":null,"database_flags":[],"disk_autoresize":true,"disk_autoresize_limit":0,"disk_type":"PD_SSD","insights_config":[],"maintenance_window":[],"pricing_plan":"PER_USE","tier":"db-custom-1-3840"}],"timeouts":null},"after_unknown":{"clone":[],"connection_name":true,"first_ip_address":true,"id":true,"ip_address":true,"master_instance_name":true,"private_ip_address":true,"project":true,"public_ip_address":true,"replica_configuration":true,"restore_backup_context":[],"self_link":true,"server_ca_cert":true,"service_account_email_address":true,"settings":[{"backup_configuration":true,"database_flags":[],"disk_size":true,"insights_config":[],"ip_configuration":true,"location_preference":true,"maintenance_window":[],"user_labels":true,"version":true}]},"before_sensitive":false,"after_sensitive":{"clone":[],"ip_address":[],"replica_configuration":[],"restore_backup_context":[],"root_password":true,"server_ca_cert":[],"settings":[{"backup_configuration":[],"database_flags":[],"insights_config":[],"ip_configuration":[],"location_preference":[],"maintenance_window":[],"user_labels":{}}]}}}],"configuration":{"provider_config":{"google":{"name":"google","expressions":{"project":{"constant_value":"dev-tomer"},"region":{"constant_value":"us-west1"}}}},"root_module":{"resources":[{"address":"google_sql_database_instance.test-073","mode":"managed","type":"google_sql_database_instance","name":"test-073","provider_config_key":"google","expressions":{"database_version":{"constant_value":"SQLSERVER_2017_STANDARD"},"deletion_protection":{"constant_value":false},"name":{"constant_value":"test-instance-073"},"region":{"constant_value":"us-west1"},"root_password":{"constant_value":"donthardcodepasswords3v3r"},"settings":[{"database_flags":[{"name":{"constant_value":"contained database authentication"},"value":{"constant_value":"on"}}],"tier":{"constant_value":"db-custom-1-3840"}}]},"schema_version":0},{"address":"google_sql_database_instance.test-074","mode":"managed","type":"google_sql_database_instance","name":"test-074","provider_config_key":"google","expressions":{"database_version":{"constant_value":"SQLSERVER_2017_WEB"},"deletion_protection":{"constant_value":false},"name":{"constant_value":"test-instance-074"},"region":{"constant_value":"us-west1"},"root_password":{"constant_value":"donthardcodepasswords3v3r"},"settings":[{"tier":{"constant_value":"db-custom-1-3840"}}]},"schema_version":0}]}}}
