{"format_version":"0.1","terraform_version":"0.13.4","planned_values":{"root_module":{"resources":[{"address":"aws_ecr_repository.test","mode":"managed","type":"aws_ecr_repository","name":"test","provider_name":"registry.terraform.io/hashicorp/aws","schema_version":0,"values":{"encryption_configuration":[{"encryption_type":"KMS","kms_key":"arn:aws:kms:us-east-1:115553109071:key/5db8b0e1-90bf-46c2-a7a4-490655ee92eb"}],"image_scanning_configuration":[],"image_tag_mutability":"MUTABLE","name":"cloudrail-test-encrypted","tags":null,"timeouts":null}}]}},"resource_changes":[{"address":"aws_ecr_repository.test","mode":"managed","type":"aws_ecr_repository","name":"test","provider_name":"registry.terraform.io/hashicorp/aws","change":{"actions":["create"],"before":null,"after":{"encryption_configuration":[{"encryption_type":"KMS","kms_key":"arn:aws:kms:us-east-1:115553109071:key/5db8b0e1-90bf-46c2-a7a4-490655ee92eb"}],"image_scanning_configuration":[],"image_tag_mutability":"MUTABLE","name":"cloudrail-test-encrypted","tags":null,"timeouts":null},"after_unknown":{"arn":true,"encryption_configuration":[{}],"id":true,"image_scanning_configuration":[],"registry_id":true,"repository_url":true,"tags_all":true}}}],"prior_state":{"format_version":"0.1","terraform_version":"0.13.4","values":{"root_module":{"resources":[{"address":"data.aws_kms_key.by_alias","mode":"data","type":"aws_kms_key","name":"by_alias","provider_name":"registry.terraform.io/hashicorp/aws","schema_version":0,"values":{"arn":"arn:aws:kms:us-east-1:115553109071:key/5db8b0e1-90bf-46c2-a7a4-490655ee92eb","aws_account_id":"115553109071","creation_date":"2021-05-24T07:30:43Z","customer_master_key_spec":"SYMMETRIC_DEFAULT","deletion_date":null,"description":"Default master key that protects my ECR data when no other key is defined","enabled":true,"expiration_model":"","grant_tokens":null,"id":"5db8b0e1-90bf-46c2-a7a4-490655ee92eb","key_id":"alias/aws/ecr","key_manager":"AWS","key_state":"Enabled","key_usage":"ENCRYPT_DECRYPT","origin":"AWS_KMS","valid_to":null}}]}}},"configuration":{"provider_config":{"aws":{"name":"aws","expressions":{"region":{"constant_value":"us-east-1"}}}},"root_module":{"resources":[{"address":"aws_ecr_repository.test","mode":"managed","type":"aws_ecr_repository","name":"test","provider_config_key":"aws","expressions":{"encryption_configuration":[{"encryption_type":{"constant_value":"KMS"},"kms_key":{"references":["data.aws_kms_key.by_alias"]}}],"image_tag_mutability":{"constant_value":"MUTABLE"},"name":{"constant_value":"cloudrail-test-encrypted"}},"schema_version":0,"raw_data":{"FileName":"main.tf","StartLine":5,"EndLine":13}},{"address":"data.aws_kms_key.by_alias","mode":"data","type":"aws_kms_key","name":"by_alias","provider_config_key":"aws","expressions":{"key_id":{"constant_value":"alias/aws/ecr"}},"schema_version":0,"raw_data":{"FileName":"main.tf","StartLine":1,"EndLine":3}}]}}}
