{"format_version":"0.1","terraform_version":"0.13.4","planned_values":{"root_module":{"resources":[{"address":"aws_efs_file_system.not_secure","mode":"managed","type":"aws_efs_file_system","name":"not_secure","provider_name":"registry.terraform.io/hashicorp/aws","schema_version":0,"values":{"creation_token":"efs-not-secure","lifecycle_policy":[],"provisioned_throughput_in_mibps":null,"tags":{"Name":"NotSecure"},"tags_all":{"Name":"NotSecure"},"throughput_mode":"bursting"}},{"address":"aws_efs_file_system_policy.not_secure_policy","mode":"managed","type":"aws_efs_file_system_policy","name":"not_secure_policy","provider_name":"registry.terraform.io/hashicorp/aws","schema_version":0,"values":{"file_system_id":"aws_efs_file_system.not_secure.id","policy":"{\n    \"Version\": \"2012-10-17\",\n    \"Id\": \"ExamplePolicy01\",\n    \"Statement\": [\n        {\n            \"Sid\": \"ExampleStatement01\",\n            \"Effect\": \"Allow\",\n            \"Principal\": {\n                \"AWS\": \"*\"\n            },\n            \"Action\": [\n                \"elasticfilesystem:*\"\n            ],\n            \"Condition\": {\n                \"Bool\": {\n                    \"aws:SecureTransport\": \"true\"\n                }\n            }\n        }\n    ]\n}\n"}}]}},"resource_changes":[{"address":"aws_efs_file_system.not_secure","mode":"managed","type":"aws_efs_file_system","name":"not_secure","provider_name":"registry.terraform.io/hashicorp/aws","change":{"actions":["create"],"before":null,"after":{"creation_token":"efs-not-secure","lifecycle_policy":[],"provisioned_throughput_in_mibps":null,"tags":{"Name":"NotSecure"},"tags_all":{"Name":"NotSecure"},"throughput_mode":"bursting"},"after_unknown":{"arn":true,"availability_zone_id":true,"availability_zone_name":true,"dns_name":true,"encrypted":true,"id":true,"kms_key_id":true,"lifecycle_policy":[],"number_of_mount_targets":true,"owner_id":true,"performance_mode":true,"size_in_bytes":true,"tags":{},"tags_all":{}}}},{"address":"aws_efs_file_system_policy.not_secure_policy","mode":"managed","type":"aws_efs_file_system_policy","name":"not_secure_policy","provider_name":"registry.terraform.io/hashicorp/aws","change":{"actions":["create"],"before":null,"after":{"file_system_id":"aws_efs_file_system.not_secure.id","policy":"{\n    \"Version\": \"2012-10-17\",\n    \"Id\": \"ExamplePolicy01\",\n    \"Statement\": [\n        {\n            \"Sid\": \"ExampleStatement01\",\n            \"Effect\": \"Allow\",\n            \"Principal\": {\n                \"AWS\": \"*\"\n            },\n            \"Action\": [\n                \"elasticfilesystem:*\"\n            ],\n            \"Condition\": {\n                \"Bool\": {\n                    \"aws:SecureTransport\": \"true\"\n                }\n            }\n        }\n    ]\n}\n"},"after_unknown":{"id":true}}}],"configuration":{"provider_config":{"aws":{"name":"aws","expressions":{"region":{"constant_value":"us-east-1"}}}},"root_module":{"resources":[{"address":"aws_efs_file_system.not_secure","mode":"managed","type":"aws_efs_file_system","name":"not_secure","provider_config_key":"aws","expressions":{"creation_token":{"constant_value":"efs-not-secure"},"tags":{"constant_value":{"Name":"NotSecure"}}},"schema_version":0,"raw_data":{"FileName":"main.tf","StartLine":1,"EndLine":7}},{"address":"aws_efs_file_system_policy.not_secure_policy","mode":"managed","type":"aws_efs_file_system_policy","name":"not_secure_policy","provider_config_key":"aws","expressions":{"file_system_id":{"references":["aws_efs_file_system.not_secure"]},"policy":{"constant_value":"{\n    \"Version\": \"2012-10-17\",\n    \"Id\": \"ExamplePolicy01\",\n    \"Statement\": [\n        {\n            \"Sid\": \"ExampleStatement01\",\n            \"Effect\": \"Allow\",\n            \"Principal\": {\n                \"AWS\": \"*\"\n            },\n            \"Action\": [\n                \"elasticfilesystem:*\"\n            ],\n            \"Condition\": {\n                \"Bool\": {\n                    \"aws:SecureTransport\": \"true\"\n                }\n            }\n        }\n    ]\n}\n"}},"schema_version":0,"raw_data":{"FileName":"main.tf","StartLine":9,"EndLine":35}}]}}}
