{"format_version":"0.1","terraform_version":"0.12.29","planned_values":{"root_module":{"resources":[{"address":"aws_db_subnet_group.nondefault","mode":"managed","type":"aws_db_subnet_group","name":"nondefault","provider_name":"aws","schema_version":0,"values":{"description":"Managed by Terraform","name":"nondefault","subnet_ids":["aws_subnet.nondefault_1.id","aws_subnet.nondefault_2.id"],"tags":null}},{"address":"aws_internet_gateway.igw","mode":"managed","type":"aws_internet_gateway","name":"igw","provider_name":"aws","schema_version":0,"values":{"tags":null,"vpc_id":"aws_vpc.nondefault.id"}},{"address":"aws_rds_cluster.test","mode":"managed","type":"aws_rds_cluster","name":"test","provider_name":"aws","schema_version":0,"values":{"allow_major_version_upgrade":null,"backtrack_window":null,"backup_retention_period":1,"copy_tags_to_snapshot":false,"db_subnet_group_name":"nondefault","deletion_protection":null,"enable_http_endpoint":false,"enabled_cloudwatch_logs_exports":null,"engine":"aurora","engine_mode":"provisioned","final_snapshot_identifier":null,"global_cluster_identifier":null,"iam_database_authentication_enabled":null,"iam_roles":null,"master_password":"asdf1234!!","master_username":"asdfasdf","replication_source_identifier":null,"restore_to_point_in_time":[],"s3_import":[],"scaling_configuration":[],"skip_final_snapshot":false,"snapshot_identifier":null,"source_region":null,"tags":null,"timeouts":null,"vpc_security_group_ids":["aws_security_group.nondefault.id"]}},{"address":"aws_rds_cluster_instance.ins1","mode":"managed","type":"aws_rds_cluster_instance","name":"ins1","provider_name":"aws","schema_version":0,"values":{"auto_minor_version_upgrade":true,"cluster_identifier":"aws_rds_cluster.test.id","copy_tags_to_snapshot":false,"db_subnet_group_name":"nondefault","engine":"aurora","engine_version":"aws_rds_cluster.test.engine_version","instance_class":"db.r4.large","monitoring_interval":0,"promotion_tier":0,"publicly_accessible":true,"tags":null,"timeouts":null}},{"address":"aws_rds_cluster_instance.ins2","mode":"managed","type":"aws_rds_cluster_instance","name":"ins2","provider_name":"aws","schema_version":0,"values":{"auto_minor_version_upgrade":true,"cluster_identifier":"aws_rds_cluster.test.id","copy_tags_to_snapshot":false,"db_subnet_group_name":"nondefault","engine":"aurora","engine_version":"aws_rds_cluster.test.engine_version","instance_class":"db.r4.large","monitoring_interval":0,"promotion_tier":0,"publicly_accessible":false,"tags":null,"timeouts":null}},{"address":"aws_route_table.rt","mode":"managed","type":"aws_route_table","name":"rt","provider_name":"aws","schema_version":0,"values":{"route":[{"carrier_gateway_id":null,"cidr_block":"0.0.0.0/0","destination_prefix_list_id":null,"egress_only_gateway_id":null,"gateway_id":"aws_internet_gateway.igw.id","instance_id":null,"ipv6_cidr_block":null,"local_gateway_id":null,"nat_gateway_id":null,"network_interface_id":null,"transit_gateway_id":null,"vpc_endpoint_id":null,"vpc_peering_connection_id":null}],"tags":null,"vpc_id":"aws_vpc.nondefault.id"}},{"address":"aws_route_table_association.rt1","mode":"managed","type":"aws_route_table_association","name":"rt1","provider_name":"aws","schema_version":0,"values":{"gateway_id":null,"route_table_id":"aws_route_table.rt.id","subnet_id":"aws_subnet.nondefault_1.id"}},{"address":"aws_route_table_association.rt2","mode":"managed","type":"aws_route_table_association","name":"rt2","provider_name":"aws","schema_version":0,"values":{"gateway_id":null,"route_table_id":"aws_route_table.rt.id","subnet_id":"aws_subnet.nondefault_2.id"}},{"address":"aws_security_group.nondefault","mode":"managed","type":"aws_security_group","name":"nondefault","provider_name":"aws","schema_version":1,"values":{"description":"Managed by Terraform","ingress":[{"cidr_blocks":["0.0.0.0/0"],"description":null,"from_port":0,"ipv6_cidr_blocks":null,"prefix_list_ids":null,"protocol":"TCP","security_groups":null,"self":null,"to_port":65000}],"revoke_rules_on_delete":false,"tags":null,"timeouts":null,"vpc_id":"aws_vpc.nondefault.id"}},{"address":"aws_subnet.nondefault_1","mode":"managed","type":"aws_subnet","name":"nondefault_1","provider_name":"aws","schema_version":1,"values":{"assign_ipv6_address_on_creation":false,"availability_zone":"us-east-1a","cidr_block":"10.1.1.128/25","customer_owned_ipv4_pool":null,"ipv6_cidr_block":null,"map_customer_owned_ip_on_launch":null,"map_public_ip_on_launch":false,"outpost_arn":null,"tags":null,"timeouts":null,"vpc_id":"aws_vpc.nondefault.id"}},{"address":"aws_subnet.nondefault_2","mode":"managed","type":"aws_subnet","name":"nondefault_2","provider_name":"aws","schema_version":1,"values":{"assign_ipv6_address_on_creation":false,"availability_zone":"us-east-1b","cidr_block":"10.1.1.0/25","customer_owned_ipv4_pool":null,"ipv6_cidr_block":null,"map_customer_owned_ip_on_launch":null,"map_public_ip_on_launch":false,"outpost_arn":null,"tags":null,"timeouts":null,"vpc_id":"aws_vpc.nondefault.id"}},{"address":"aws_vpc.nondefault","mode":"managed","type":"aws_vpc","name":"nondefault","provider_name":"aws","schema_version":1,"values":{"assign_generated_ipv6_cidr_block":false,"cidr_block":"10.1.1.0/24","enable_dns_hostnames":true,"enable_dns_support":true,"instance_tenancy":"default","tags":null}}]}},"resource_changes":[{"address":"aws_db_subnet_group.nondefault","mode":"managed","type":"aws_db_subnet_group","name":"nondefault","provider_name":"aws","change":{"actions":["create"],"before":null,"after":{"description":"Managed by Terraform","name":"nondefault","subnet_ids":["aws_subnet.nondefault_1.id","aws_subnet.nondefault_2.id"],"tags":null},"after_unknown":{"arn":true,"id":true,"name_prefix":true,"subnet_ids":[false,false]}}},{"address":"aws_internet_gateway.igw","mode":"managed","type":"aws_internet_gateway","name":"igw","provider_name":"aws","change":{"actions":["create"],"before":null,"after":{"tags":null,"vpc_id":"aws_vpc.nondefault.id"},"after_unknown":{"arn":true,"id":true,"owner_id":true}}},{"address":"aws_rds_cluster.test","mode":"managed","type":"aws_rds_cluster","name":"test","provider_name":"aws","change":{"actions":["create"],"before":null,"after":{"allow_major_version_upgrade":null,"backtrack_window":null,"backup_retention_period":1,"copy_tags_to_snapshot":false,"db_subnet_group_name":"nondefault","deletion_protection":null,"enable_http_endpoint":false,"enabled_cloudwatch_logs_exports":null,"engine":"aurora","engine_mode":"provisioned","final_snapshot_identifier":null,"global_cluster_identifier":null,"iam_database_authentication_enabled":null,"iam_roles":null,"master_password":"asdf1234!!","master_username":"asdfasdf","replication_source_identifier":null,"restore_to_point_in_time":[],"s3_import":[],"scaling_configuration":[],"skip_final_snapshot":false,"snapshot_identifier":null,"source_region":null,"tags":null,"timeouts":null,"vpc_security_group_ids":["aws_security_group.nondefault.id"]},"after_unknown":{"apply_immediately":true,"arn":true,"availability_zones":true,"cluster_identifier":true,"cluster_identifier_prefix":true,"cluster_members":true,"cluster_resource_id":true,"database_name":true,"db_cluster_parameter_group_name":true,"endpoint":true,"engine_version":true,"hosted_zone_id":true,"id":true,"kms_key_id":true,"port":true,"preferred_backup_window":true,"preferred_maintenance_window":true,"reader_endpoint":true,"restore_to_point_in_time":[],"s3_import":[],"scaling_configuration":[],"storage_encrypted":true,"vpc_security_group_ids":[false]}}},{"address":"aws_rds_cluster_instance.ins1","mode":"managed","type":"aws_rds_cluster_instance","name":"ins1","provider_name":"aws","change":{"actions":["create"],"before":null,"after":{"auto_minor_version_upgrade":true,"cluster_identifier":"aws_rds_cluster.test.id","copy_tags_to_snapshot":false,"db_subnet_group_name":"nondefault","engine":"aurora","engine_version":"aws_rds_cluster.test.engine_version","instance_class":"db.r4.large","monitoring_interval":0,"promotion_tier":0,"publicly_accessible":true,"tags":null,"timeouts":null},"after_unknown":{"apply_immediately":true,"arn":true,"availability_zone":true,"ca_cert_identifier":true,"db_parameter_group_name":true,"dbi_resource_id":true,"endpoint":true,"id":true,"identifier":true,"identifier_prefix":true,"kms_key_id":true,"monitoring_role_arn":true,"performance_insights_enabled":true,"performance_insights_kms_key_id":true,"port":true,"preferred_backup_window":true,"preferred_maintenance_window":true,"storage_encrypted":true,"writer":true}}},{"address":"aws_rds_cluster_instance.ins2","mode":"managed","type":"aws_rds_cluster_instance","name":"ins2","provider_name":"aws","change":{"actions":["create"],"before":null,"after":{"auto_minor_version_upgrade":true,"cluster_identifier":"aws_rds_cluster.test.id","copy_tags_to_snapshot":false,"db_subnet_group_name":"nondefault","engine":"aurora","engine_version":"aws_rds_cluster.test.engine_version","instance_class":"db.r4.large","monitoring_interval":0,"promotion_tier":0,"publicly_accessible":false,"tags":null,"timeouts":null},"after_unknown":{"apply_immediately":true,"arn":true,"availability_zone":true,"ca_cert_identifier":true,"db_parameter_group_name":true,"dbi_resource_id":true,"endpoint":true,"id":true,"identifier":true,"identifier_prefix":true,"kms_key_id":true,"monitoring_role_arn":true,"performance_insights_enabled":true,"performance_insights_kms_key_id":true,"port":true,"preferred_backup_window":true,"preferred_maintenance_window":true,"storage_encrypted":true,"writer":true}}},{"address":"aws_route_table.rt","mode":"managed","type":"aws_route_table","name":"rt","provider_name":"aws","change":{"actions":["create"],"before":null,"after":{"route":[{"carrier_gateway_id":null,"cidr_block":"0.0.0.0/0","destination_prefix_list_id":null,"egress_only_gateway_id":null,"gateway_id":"aws_internet_gateway.igw.id","instance_id":null,"ipv6_cidr_block":null,"local_gateway_id":null,"nat_gateway_id":null,"network_interface_id":null,"transit_gateway_id":null,"vpc_endpoint_id":null,"vpc_peering_connection_id":null}],"tags":null,"vpc_id":"aws_vpc.nondefault.id"},"after_unknown":{"arn":true,"id":true,"owner_id":true,"propagating_vgws":true,"route":[{}]}}},{"address":"aws_route_table_association.rt1","mode":"managed","type":"aws_route_table_association","name":"rt1","provider_name":"aws","change":{"actions":["create"],"before":null,"after":{"gateway_id":null,"route_table_id":"aws_route_table.rt.id","subnet_id":"aws_subnet.nondefault_1.id"},"after_unknown":{"id":true}}},{"address":"aws_route_table_association.rt2","mode":"managed","type":"aws_route_table_association","name":"rt2","provider_name":"aws","change":{"actions":["create"],"before":null,"after":{"gateway_id":null,"route_table_id":"aws_route_table.rt.id","subnet_id":"aws_subnet.nondefault_2.id"},"after_unknown":{"id":true}}},{"address":"aws_security_group.nondefault","mode":"managed","type":"aws_security_group","name":"nondefault","provider_name":"aws","change":{"actions":["create"],"before":null,"after":{"description":"Managed by Terraform","ingress":[{"cidr_blocks":["0.0.0.0/0"],"description":null,"from_port":0,"ipv6_cidr_blocks":null,"prefix_list_ids":null,"protocol":"TCP","security_groups":null,"self":null,"to_port":65000}],"revoke_rules_on_delete":false,"tags":null,"timeouts":null,"vpc_id":"aws_vpc.nondefault.id"},"after_unknown":{"arn":true,"egress":true,"id":true,"ingress":[{"cidr_blocks":[false]}],"name":true,"name_prefix":true,"owner_id":true}}},{"address":"aws_subnet.nondefault_1","mode":"managed","type":"aws_subnet","name":"nondefault_1","provider_name":"aws","change":{"actions":["create"],"before":null,"after":{"assign_ipv6_address_on_creation":false,"availability_zone":"us-east-1a","cidr_block":"10.1.1.128/25","customer_owned_ipv4_pool":null,"ipv6_cidr_block":null,"map_customer_owned_ip_on_launch":null,"map_public_ip_on_launch":false,"outpost_arn":null,"tags":null,"timeouts":null,"vpc_id":"aws_vpc.nondefault.id"},"after_unknown":{"arn":true,"availability_zone_id":true,"id":true,"ipv6_cidr_block_association_id":true,"owner_id":true,"tags_all":true}}},{"address":"aws_subnet.nondefault_2","mode":"managed","type":"aws_subnet","name":"nondefault_2","provider_name":"aws","change":{"actions":["create"],"before":null,"after":{"assign_ipv6_address_on_creation":false,"availability_zone":"us-east-1b","cidr_block":"10.1.1.0/25","customer_owned_ipv4_pool":null,"ipv6_cidr_block":null,"map_customer_owned_ip_on_launch":null,"map_public_ip_on_launch":false,"outpost_arn":null,"tags":null,"timeouts":null,"vpc_id":"aws_vpc.nondefault.id"},"after_unknown":{"arn":true,"availability_zone_id":true,"id":true,"ipv6_cidr_block_association_id":true,"owner_id":true,"tags_all":true}}},{"address":"aws_vpc.nondefault","mode":"managed","type":"aws_vpc","name":"nondefault","provider_name":"aws","change":{"actions":["create"],"before":null,"after":{"assign_generated_ipv6_cidr_block":false,"cidr_block":"10.1.1.0/24","enable_dns_hostnames":true,"enable_dns_support":true,"instance_tenancy":"default","tags":null},"after_unknown":{"arn":true,"default_network_acl_id":true,"default_route_table_id":true,"default_security_group_id":true,"dhcp_options_id":true,"enable_classiclink":true,"enable_classiclink_dns_support":true,"id":true,"ipv6_association_id":true,"ipv6_cidr_block":true,"main_route_table_id":true,"owner_id":true,"tags_all":true}}}],"configuration":{"provider_config":{"aws":{"name":"aws","expressions":{"region":{"constant_value":"us-east-1"}}}},"root_module":{"resources":[{"address":"aws_db_subnet_group.nondefault","mode":"managed","type":"aws_db_subnet_group","name":"nondefault","provider_config_key":"aws","expressions":{"name":{"constant_value":"nondefault"},"subnet_ids":{"references":["aws_subnet.nondefault_1","aws_subnet.nondefault_2"]}},"schema_version":0,"raw_data":{"FileName":"main.tf","StartLine":55,"EndLine":59}},{"address":"aws_internet_gateway.igw","mode":"managed","type":"aws_internet_gateway","name":"igw","provider_config_key":"aws","expressions":{"vpc_id":{"references":["aws_vpc.nondefault"]}},"schema_version":0,"raw_data":{"FileName":"main.tf","StartLine":33,"EndLine":35}},{"address":"aws_rds_cluster.test","mode":"managed","type":"aws_rds_cluster","name":"test","provider_config_key":"aws","expressions":{"db_subnet_group_name":{"references":["aws_db_subnet_group.nondefault"]},"master_password":{"constant_value":"asdf1234!!"},"master_username":{"constant_value":"asdfasdf"},"vpc_security_group_ids":{"references":["aws_security_group.nondefault"]}},"schema_version":0,"raw_data":{"FileName":"main.tf","StartLine":61,"EndLine":66}},{"address":"aws_rds_cluster_instance.ins1","mode":"managed","type":"aws_rds_cluster_instance","name":"ins1","provider_config_key":"aws","expressions":{"cluster_identifier":{"references":["aws_rds_cluster.test"]},"db_subnet_group_name":{"references":["aws_db_subnet_group.nondefault"]},"engine":{"references":["aws_rds_cluster.test"]},"engine_version":{"references":["aws_rds_cluster.test"]},"instance_class":{"constant_value":"db.r4.large"},"publicly_accessible":{"constant_value":true}},"schema_version":0,"raw_data":{"FileName":"main.tf","StartLine":68,"EndLine":75}},{"address":"aws_rds_cluster_instance.ins2","mode":"managed","type":"aws_rds_cluster_instance","name":"ins2","provider_config_key":"aws","expressions":{"cluster_identifier":{"references":["aws_rds_cluster.test"]},"db_subnet_group_name":{"references":["aws_db_subnet_group.nondefault"]},"engine":{"references":["aws_rds_cluster.test"]},"engine_version":{"references":["aws_rds_cluster.test"]},"instance_class":{"constant_value":"db.r4.large"},"publicly_accessible":{"constant_value":false}},"schema_version":0,"raw_data":{"FileName":"main.tf","StartLine":77,"EndLine":84}},{"address":"aws_route_table.rt","mode":"managed","type":"aws_route_table","name":"rt","provider_config_key":"aws","expressions":{"vpc_id":{"references":["aws_vpc.nondefault"]}},"schema_version":0,"raw_data":{"FileName":"main.tf","StartLine":37,"EndLine":43}},{"address":"aws_route_table_association.rt1","mode":"managed","type":"aws_route_table_association","name":"rt1","provider_config_key":"aws","expressions":{"route_table_id":{"references":["aws_route_table.rt"]},"subnet_id":{"references":["aws_subnet.nondefault_1"]}},"schema_version":0,"raw_data":{"FileName":"main.tf","StartLine":45,"EndLine":48}},{"address":"aws_route_table_association.rt2","mode":"managed","type":"aws_route_table_association","name":"rt2","provider_config_key":"aws","expressions":{"route_table_id":{"references":["aws_route_table.rt"]},"subnet_id":{"references":["aws_subnet.nondefault_2"]}},"schema_version":0,"raw_data":{"FileName":"main.tf","StartLine":50,"EndLine":53}},{"address":"aws_security_group.nondefault","mode":"managed","type":"aws_security_group","name":"nondefault","provider_config_key":"aws","expressions":{"vpc_id":{"references":["aws_vpc.nondefault"]}},"schema_version":1,"raw_data":{"FileName":"main.tf","StartLine":10,"EndLine":19}},{"address":"aws_subnet.nondefault_1","mode":"managed","type":"aws_subnet","name":"nondefault_1","provider_config_key":"aws","expressions":{"availability_zone":{"constant_value":"us-east-1a"},"cidr_block":{"constant_value":"10.1.1.128/25"},"vpc_id":{"references":["aws_vpc.nondefault"]}},"schema_version":1,"raw_data":{"FileName":"main.tf","StartLine":21,"EndLine":25}},{"address":"aws_subnet.nondefault_2","mode":"managed","type":"aws_subnet","name":"nondefault_2","provider_config_key":"aws","expressions":{"availability_zone":{"constant_value":"us-east-1b"},"cidr_block":{"constant_value":"10.1.1.0/25"},"vpc_id":{"references":["aws_vpc.nondefault"]}},"schema_version":1,"raw_data":{"FileName":"main.tf","StartLine":27,"EndLine":31}},{"address":"aws_vpc.nondefault","mode":"managed","type":"aws_vpc","name":"nondefault","provider_config_key":"aws","expressions":{"cidr_block":{"constant_value":"10.1.1.0/24"},"enable_dns_hostnames":{"constant_value":true}},"schema_version":1,"raw_data":{"FileName":"main.tf","StartLine":5,"EndLine":8}}]}}}
