{"format_version":"0.1","terraform_version":"0.14.6","planned_values":{"root_module":{"resources":[{"address":"google_compute_network.vpc-network-1","mode":"managed","type":"google_compute_network","name":"vpc-network-1","provider_name":"registry.terraform.io/hashicorp/google","schema_version":0,"values":{"auto_create_subnetworks":false,"delete_default_routes_on_create":false,"description":null,"name":"vpc-network-1","timeouts":null}},{"address":"google_compute_subnetwork.subnet-logging1","mode":"managed","type":"google_compute_subnetwork","name":"subnet-logging1","provider_name":"registry.terraform.io/hashicorp/google","schema_version":0,"values":{"description":null,"ip_cidr_range":"10.1.0.0/24","ipv6_access_type":null,"log_config":[{"aggregation_interval":"INTERVAL_10_MIN","filter_expr":"true","flow_sampling":0.5,"metadata":"INCLUDE_ALL_METADATA","metadata_fields":null}],"name":"log-test-subnetwork-1","network":"google_compute_network.vpc-network-1.id","private_ip_google_access":null,"region":"us-central1","role":null,"timeouts":null}},{"address":"google_compute_subnetwork.subnet-logging2","mode":"managed","type":"google_compute_subnetwork","name":"subnet-logging2","provider_name":"registry.terraform.io/hashicorp/google","schema_version":0,"values":{"description":null,"ip_cidr_range":"10.2.0.0/24","ipv6_access_type":null,"log_config":[],"name":"log-test-subnetwork-2","network":"google_compute_network.vpc-network-1.id","private_ip_google_access":null,"region":"us-central1","role":null,"timeouts":null}}]}},"resource_changes":[{"address":"google_compute_network.vpc-network-1","mode":"managed","type":"google_compute_network","name":"vpc-network-1","provider_name":"registry.terraform.io/hashicorp/google","change":{"actions":["create"],"before":null,"after":{"auto_create_subnetworks":false,"delete_default_routes_on_create":false,"description":null,"name":"vpc-network-1","timeouts":null},"after_unknown":{"gateway_ipv4":true,"id":true,"mtu":true,"project":true,"routing_mode":true,"self_link":true}}},{"address":"google_compute_subnetwork.subnet-logging1","mode":"managed","type":"google_compute_subnetwork","name":"subnet-logging1","provider_name":"registry.terraform.io/hashicorp/google","change":{"actions":["create"],"before":null,"after":{"description":null,"ip_cidr_range":"10.1.0.0/24","ipv6_access_type":null,"log_config":[{"aggregation_interval":"INTERVAL_10_MIN","filter_expr":"true","flow_sampling":0.5,"metadata":"INCLUDE_ALL_METADATA","metadata_fields":null}],"name":"log-test-subnetwork-1","network":"google_compute_network.vpc-network-1.id","private_ip_google_access":null,"region":"us-central1","role":null,"timeouts":null},"after_unknown":{"creation_timestamp":true,"external_ipv6_prefix":true,"fingerprint":true,"gateway_address":true,"id":true,"ipv6_cidr_range":true,"log_config":[{}],"private_ipv6_google_access":true,"project":true,"purpose":true,"secondary_ip_range":true,"self_link":true,"stack_type":true}}},{"address":"google_compute_subnetwork.subnet-logging2","mode":"managed","type":"google_compute_subnetwork","name":"subnet-logging2","provider_name":"registry.terraform.io/hashicorp/google","change":{"actions":["create"],"before":null,"after":{"description":null,"ip_cidr_range":"10.2.0.0/24","ipv6_access_type":null,"log_config":[],"name":"log-test-subnetwork-2","network":"google_compute_network.vpc-network-1.id","private_ip_google_access":null,"region":"us-central1","role":null,"timeouts":null},"after_unknown":{"creation_timestamp":true,"external_ipv6_prefix":true,"fingerprint":true,"gateway_address":true,"id":true,"ipv6_cidr_range":true,"log_config":[],"private_ipv6_google_access":true,"project":true,"purpose":true,"secondary_ip_range":true,"self_link":true,"stack_type":true}}}],"configuration":{"provider_config":{"google":{"name":"google","expressions":{"project":{"constant_value":"dev-for-tests"},"region":{"constant_value":"us-central-1"}}}},"root_module":{"resources":[{"address":"google_compute_network.vpc-network-1","mode":"managed","type":"google_compute_network","name":"vpc-network-1","provider_config_key":"google","expressions":{"auto_create_subnetworks":{"constant_value":false},"name":{"constant_value":"vpc-network-1"}},"schema_version":0,"raw_data":{"FileName":"main.tf","StartLine":25,"EndLine":28}},{"address":"google_compute_subnetwork.subnet-logging1","mode":"managed","type":"google_compute_subnetwork","name":"subnet-logging1","provider_config_key":"google","expressions":{"ip_cidr_range":{"constant_value":"10.1.0.0/24"},"log_config":[{"aggregation_interval":{"constant_value":"INTERVAL_10_MIN"},"flow_sampling":{"constant_value":0.5},"metadata":{"constant_value":"INCLUDE_ALL_METADATA"}}],"name":{"constant_value":"log-test-subnetwork-1"},"network":{"references":["google_compute_network.vpc-network-1"]},"region":{"constant_value":"us-central1"}},"schema_version":0,"raw_data":{"FileName":"main.tf","StartLine":7,"EndLine":18}},{"address":"google_compute_subnetwork.subnet-logging2","mode":"managed","type":"google_compute_subnetwork","name":"subnet-logging2","provider_config_key":"google","expressions":{"ip_cidr_range":{"constant_value":"10.2.0.0/24"},"name":{"constant_value":"log-test-subnetwork-2"},"network":{"references":["google_compute_network.vpc-network-1"]},"region":{"constant_value":"us-central1"}},"schema_version":0,"raw_data":{"FileName":"main.tf","StartLine":19,"EndLine":24}}]}}}
