{"format_version":"0.1","terraform_version":"0.13.4","planned_values":{"root_module":{"resources":[{"address":"aws_athena_database.test","mode":"managed","type":"aws_athena_database","name":"test","provider_name":"registry.terraform.io/hashicorp/aws","schema_version":0,"values":{"bucket":"aws_s3_bucket.test.bucket","encryption_configuration":[{"encryption_option":"SSE_S3","kms_key":null}],"force_destroy":true,"name":"athena_test_encrypted"}},{"address":"aws_s3_bucket.test","mode":"managed","type":"aws_s3_bucket","name":"test","provider_name":"registry.terraform.io/hashicorp/aws","schema_version":0,"values":{"acl":"private","bucket_prefix":null,"cors_rule":[],"force_destroy":true,"grant":[],"lifecycle_rule":[],"logging":[],"object_lock_configuration":[],"policy":null,"replication_configuration":[],"server_side_encryption_configuration":[],"tags":null,"versioning":[],"website":[]}}]}},"resource_changes":[{"address":"aws_athena_database.test","mode":"managed","type":"aws_athena_database","name":"test","provider_name":"registry.terraform.io/hashicorp/aws","change":{"actions":["create"],"before":null,"after":{"bucket":"aws_s3_bucket.test.bucket","encryption_configuration":[{"encryption_option":"SSE_S3","kms_key":null}],"force_destroy":true,"name":"athena_test_encrypted"},"after_unknown":{"encryption_configuration":[{}],"id":true}}},{"address":"aws_s3_bucket.test","mode":"managed","type":"aws_s3_bucket","name":"test","provider_name":"registry.terraform.io/hashicorp/aws","change":{"actions":["create"],"before":null,"after":{"acl":"private","bucket_prefix":null,"cors_rule":[],"force_destroy":true,"grant":[],"lifecycle_rule":[],"logging":[],"object_lock_configuration":[],"policy":null,"replication_configuration":[],"server_side_encryption_configuration":[],"tags":null,"versioning":[],"website":[]},"after_unknown":{"acceleration_status":true,"arn":true,"bucket":true,"bucket_domain_name":true,"bucket_regional_domain_name":true,"cors_rule":[],"grant":[],"hosted_zone_id":true,"id":true,"lifecycle_rule":[],"logging":[],"object_lock_configuration":[],"region":true,"replication_configuration":[],"request_payer":true,"server_side_encryption_configuration":[],"tags_all":true,"versioning":[],"website":[],"website_domain":true,"website_endpoint":true}}}],"configuration":{"provider_config":{"aws":{"name":"aws","expressions":{"region":{"constant_value":"us-east-1"}}}},"root_module":{"resources":[{"address":"aws_athena_database.test","mode":"managed","type":"aws_athena_database","name":"test","provider_config_key":"aws","expressions":{"bucket":{"references":["aws_s3_bucket.test"]},"encryption_configuration":[{"encryption_option":{"constant_value":"SSE_S3"}}],"force_destroy":{"constant_value":true},"name":{"constant_value":"athena_test_encrypted"}},"schema_version":0,"raw_data":{"FileName":"main.tf","StartLine":7,"EndLine":15}},{"address":"aws_s3_bucket.test","mode":"managed","type":"aws_s3_bucket","name":"test","provider_config_key":"aws","expressions":{"acl":{"constant_value":"private"},"force_destroy":{"constant_value":true}},"schema_version":0,"raw_data":{"FileName":"main.tf","StartLine":2,"EndLine":5}}]}}}
