{"format_version":"0.1","terraform_version":"0.14.6","planned_values":{"root_module":{"resources":[{"address":"aws_default_subnet.default_az1","mode":"managed","type":"aws_default_subnet","name":"default_az1","provider_name":"registry.terraform.io/hashicorp/aws","schema_version":1,"values":{"availability_zone":"us-east-1c","customer_owned_ipv4_pool":null,"map_customer_owned_ip_on_launch":null,"map_public_ip_on_launch":true,"outpost_arn":null,"tags":{"TerraformTag":"TerraformValue"},"tags_all":{"TerraformTag":"TerraformValue"},"timeouts":null}}]}},"resource_changes":[{"address":"aws_default_subnet.default_az1","mode":"managed","type":"aws_default_subnet","name":"default_az1","provider_name":"registry.terraform.io/hashicorp/aws","change":{"actions":["create"],"before":null,"after":{"availability_zone":"us-east-1c","customer_owned_ipv4_pool":null,"map_customer_owned_ip_on_launch":null,"map_public_ip_on_launch":true,"outpost_arn":null,"tags":{"TerraformTag":"TerraformValue"},"tags_all":{"TerraformTag":"TerraformValue"},"timeouts":null},"after_unknown":{"arn":true,"assign_ipv6_address_on_creation":true,"availability_zone_id":true,"cidr_block":true,"id":true,"ipv6_cidr_block":true,"ipv6_cidr_block_association_id":true,"owner_id":true,"tags":{},"tags_all":{},"vpc_id":true}}}],"configuration":{"root_module":{"resources":[{"address":"aws_default_subnet.default_az1","mode":"managed","type":"aws_default_subnet","name":"default_az1","provider_config_key":"aws","expressions":{"availability_zone":{"constant_value":"us-east-1c"},"map_public_ip_on_launch":{"constant_value":true},"tags":{"constant_value":{"TerraformTag":"TerraformValue"}}},"schema_version":1,"raw_data":{"FileName":"main.tf","StartLine":2,"EndLine":9}}]}}}
