{"format_version":"0.1","terraform_version":"0.12.29","planned_values":{"root_module":{"resources":[{"address":"aws_iam_account_password_policy.strict","mode":"managed","type":"aws_iam_account_password_policy","name":"strict","provider_name":"aws","schema_version":0,"values":{"allow_users_to_change_password":true,"max_password_age":60,"minimum_password_length":8,"require_lowercase_characters":true,"require_numbers":true,"require_symbols":true,"require_uppercase_characters":true}}]}},"resource_changes":[{"address":"aws_iam_account_password_policy.strict","mode":"managed","type":"aws_iam_account_password_policy","name":"strict","provider_name":"aws","change":{"actions":["create"],"before":null,"after":{"allow_users_to_change_password":true,"max_password_age":60,"minimum_password_length":8,"require_lowercase_characters":true,"require_numbers":true,"require_symbols":true,"require_uppercase_characters":true},"after_unknown":{"expire_passwords":true,"hard_expiry":true,"id":true,"password_reuse_prevention":true}}}],"configuration":{"provider_config":{"aws":{"name":"aws","expressions":{"region":{"constant_value":"us-east-1"}}}},"root_module":{"resources":[{"address":"aws_iam_account_password_policy.strict","mode":"managed","type":"aws_iam_account_password_policy","name":"strict","provider_config_key":"aws","expressions":{"allow_users_to_change_password":{"constant_value":true},"max_password_age":{"constant_value":60},"minimum_password_length":{"constant_value":8},"require_lowercase_characters":{"constant_value":true},"require_numbers":{"constant_value":true},"require_symbols":{"constant_value":true},"require_uppercase_characters":{"constant_value":true}},"schema_version":0,"raw_data":{"FileName":"main.tf","StartLine":5,"EndLine":13}}]}}}
