{"format_version":"0.1","terraform_version":"0.14.6","planned_values":{"root_module":{"resources":[{"address":"azurerm_key_vault.kv","mode":"managed","type":"azurerm_key_vault","name":"kv","provider_name":"registry.terraform.io/hashicorp/azurerm","schema_version":2,"values":{"access_policy":[{"application_id":null,"certificate_permissions":null,"key_permissions":["Get","List","create","delete"],"object_id":"ddc8b952-aa8e-4ae1-aa42-0dfdf4f15db3","secret_permissions":["Get","List","set","delete"],"storage_permissions":["Get"],"tenant_id":"568db8f3-e402-4c09-baa9-692e42029cc7"}],"contact":[],"enable_rbac_authorization":null,"enabled_for_deployment":null,"enabled_for_disk_encryption":true,"enabled_for_template_deployment":null,"location":"westeurope","name":"cr23371-keyvault","purge_protection_enabled":false,"resource_group_name":"cr23371-RG","sku_name":"standard","soft_delete_retention_days":7,"tags":null,"tenant_id":"568db8f3-e402-4c09-baa9-692e42029cc7","timeouts":null}},{"address":"azurerm_key_vault_secret.secret","mode":"managed","type":"azurerm_key_vault_secret","name":"secret","provider_name":"registry.terraform.io/hashicorp/azurerm","schema_version":0,"values":{"content_type":null,"expiration_date":null,"key_vault_id":"azurerm_key_vault.kv.id","name":"cr23371-secret","not_before_date":null,"tags":null,"timeouts":null,"value":"szecffvfvhuan"}},{"address":"azurerm_managed_disk.disk","mode":"managed","type":"azurerm_managed_disk","name":"disk","provider_name":"registry.terraform.io/hashicorp/azurerm","schema_version":0,"values":{"create_option":"Empty","disk_access_id":null,"disk_encryption_set_id":null,"disk_size_gb":5,"encryption_settings":[{"disk_encryption_key":[{"secret_url":"azurerm_key_vault_secret.secret.id","source_vault_id":"azurerm_key_vault.kv.id"}],"enabled":true,"key_encryption_key":[]}],"image_reference_id":null,"location":"westeurope","name":"cr23371-disk","network_access_policy":null,"os_type":null,"resource_group_name":"cr23371-RG","source_resource_id":null,"storage_account_id":null,"storage_account_type":"Standard_LRS","tags":null,"timeouts":null,"zones":null}},{"address":"azurerm_resource_group.rg","mode":"managed","type":"azurerm_resource_group","name":"rg","provider_name":"registry.terraform.io/hashicorp/azurerm","schema_version":0,"values":{"location":"westeurope","name":"cr23371-RG","tags":null,"timeouts":null}}]}},"resource_changes":[{"address":"azurerm_key_vault.kv","mode":"managed","type":"azurerm_key_vault","name":"kv","provider_name":"registry.terraform.io/hashicorp/azurerm","change":{"actions":["create"],"before":null,"after":{"access_policy":[{"application_id":null,"certificate_permissions":null,"key_permissions":["Get","List","create","delete"],"object_id":"ddc8b952-aa8e-4ae1-aa42-0dfdf4f15db3","secret_permissions":["Get","List","set","delete"],"storage_permissions":["Get"],"tenant_id":"568db8f3-e402-4c09-baa9-692e42029cc7"}],"contact":[],"enable_rbac_authorization":null,"enabled_for_deployment":null,"enabled_for_disk_encryption":true,"enabled_for_template_deployment":null,"location":"westeurope","name":"cr23371-keyvault","purge_protection_enabled":false,"resource_group_name":"cr23371-RG","sku_name":"standard","soft_delete_retention_days":7,"tags":null,"tenant_id":"568db8f3-e402-4c09-baa9-692e42029cc7","timeouts":null},"after_unknown":{"access_policy":[{"key_permissions":[false,false,false,false],"secret_permissions":[false,false,false,false],"storage_permissions":[false]}],"contact":[],"id":true,"network_acls":true,"soft_delete_enabled":true,"vault_uri":true}}},{"address":"azurerm_key_vault_secret.secret","mode":"managed","type":"azurerm_key_vault_secret","name":"secret","provider_name":"registry.terraform.io/hashicorp/azurerm","change":{"actions":["create"],"before":null,"after":{"content_type":null,"expiration_date":null,"key_vault_id":"azurerm_key_vault.kv.id","name":"cr23371-secret","not_before_date":null,"tags":null,"timeouts":null,"value":"szecffvfvhuan"},"after_unknown":{"id":true,"version":true,"versionless_id":true}}},{"address":"azurerm_managed_disk.disk","mode":"managed","type":"azurerm_managed_disk","name":"disk","provider_name":"registry.terraform.io/hashicorp/azurerm","change":{"actions":["create"],"before":null,"after":{"create_option":"Empty","disk_access_id":null,"disk_encryption_set_id":null,"disk_size_gb":5,"encryption_settings":[{"disk_encryption_key":[{"secret_url":"azurerm_key_vault_secret.secret.id","source_vault_id":"azurerm_key_vault.kv.id"}],"enabled":true,"key_encryption_key":[]}],"image_reference_id":null,"location":"westeurope","name":"cr23371-disk","network_access_policy":null,"os_type":null,"resource_group_name":"cr23371-RG","source_resource_id":null,"storage_account_id":null,"storage_account_type":"Standard_LRS","tags":null,"timeouts":null,"zones":null},"after_unknown":{"disk_iops_read_write":true,"disk_mbps_read_write":true,"encryption_settings":[{"disk_encryption_key":[{}],"key_encryption_key":[]}],"id":true,"source_uri":true,"tier":true}}},{"address":"azurerm_resource_group.rg","mode":"managed","type":"azurerm_resource_group","name":"rg","provider_name":"registry.terraform.io/hashicorp/azurerm","change":{"actions":["create"],"before":null,"after":{"location":"westeurope","name":"cr23371-RG","tags":null,"timeouts":null},"after_unknown":{"id":true}}}],"prior_state":{"format_version":"0.1","terraform_version":"0.14.6","values":{"root_module":{"resources":[{"address":"data.azurerm_client_config.current","mode":"data","type":"azurerm_client_config","name":"current","provider_name":"registry.terraform.io/hashicorp/azurerm","schema_version":0,"values":{"client_id":"04b07795-8ddb-461a-bbee-02f9e1bf7b46","id":"2021-08-09 12:36:47.991627 +0000 UTC","object_id":"ddc8b952-aa8e-4ae1-aa42-0dfdf4f15db3","subscription_id":"230613d8-3b34-4790-b650-36f31045f19a","tenant_id":"568db8f3-e402-4c09-baa9-692e42029cc7","timeouts":null}}]}}},"configuration":{"provider_config":{"azurerm":{"name":"azurerm","expressions":{"features":[{}]}}},"root_module":{"resources":[{"address":"azurerm_key_vault.kv","mode":"managed","type":"azurerm_key_vault","name":"kv","provider_config_key":"azurerm","expressions":{"enabled_for_disk_encryption":{"constant_value":true},"location":{"references":["azurerm_resource_group.rg"]},"name":{"references":["local.resource_prefix"]},"purge_protection_enabled":{"constant_value":false},"resource_group_name":{"references":["azurerm_resource_group.rg"]},"sku_name":{"constant_value":"standard"},"soft_delete_retention_days":{"constant_value":7},"tenant_id":{"references":["data.azurerm_client_config.current"]}},"schema_version":2,"raw_data":{"FileName":"main.tf","StartLine":14,"EndLine":41}},{"address":"azurerm_key_vault_secret.secret","mode":"managed","type":"azurerm_key_vault_secret","name":"secret","provider_config_key":"azurerm","expressions":{"key_vault_id":{"references":["azurerm_key_vault.kv"]},"name":{"references":["local.resource_prefix"]},"value":{"constant_value":"szecffvfvhuan"}},"schema_version":0,"raw_data":{"FileName":"main.tf","StartLine":43,"EndLine":47}},{"address":"azurerm_managed_disk.disk","mode":"managed","type":"azurerm_managed_disk","name":"disk","provider_config_key":"azurerm","expressions":{"create_option":{"constant_value":"Empty"},"disk_size_gb":{"constant_value":"5"},"encryption_settings":[{"disk_encryption_key":[{"secret_url":{"references":["azurerm_key_vault_secret.secret"]},"source_vault_id":{"references":["azurerm_key_vault.kv"]}}],"enabled":{"constant_value":true}}],"location":{"references":["azurerm_resource_group.rg"]},"name":{"references":["local.resource_prefix"]},"resource_group_name":{"references":["azurerm_resource_group.rg"]},"storage_account_type":{"constant_value":"Standard_LRS"}},"schema_version":0,"raw_data":{"FileName":"main.tf","StartLine":49,"EndLine":65}},{"address":"azurerm_resource_group.rg","mode":"managed","type":"azurerm_resource_group","name":"rg","provider_config_key":"azurerm","expressions":{"location":{"constant_value":"West Europe"},"name":{"references":["local.resource_prefix"]}},"schema_version":0,"raw_data":{"FileName":"main.tf","StartLine":9,"EndLine":12}},{"address":"data.azurerm_client_config.current","mode":"data","type":"azurerm_client_config","name":"current","provider_config_key":"azurerm","schema_version":0,"raw_data":{"FileName":"main.tf","StartLine":7,"EndLine":7}}]}}}
