{"format_version":"0.1","terraform_version":"0.12.29","planned_values":{"root_module":{"resources":[{"address":"aws_s3_bucket.public-bucket","mode":"managed","type":"aws_s3_bucket","name":"public-bucket","provider_name":"aws","schema_version":0,"values":{"acl":"authenticated-read","bucket":"bucket-with-public-acl-2","bucket_prefix":null,"cors_rule":[],"force_destroy":false,"grant":[],"lifecycle_rule":[],"logging":[],"object_lock_configuration":[],"policy":null,"replication_configuration":[],"server_side_encryption_configuration":[],"tags":null,"website":[]}}]}},"resource_changes":[{"address":"aws_s3_bucket.public-bucket","mode":"managed","type":"aws_s3_bucket","name":"public-bucket","provider_name":"aws","change":{"actions":["create"],"before":null,"after":{"acl":"authenticated-read","bucket":"bucket-with-public-acl-2","bucket_prefix":null,"cors_rule":[],"force_destroy":false,"grant":[],"lifecycle_rule":[],"logging":[],"object_lock_configuration":[],"policy":null,"replication_configuration":[],"server_side_encryption_configuration":[],"tags":null,"website":[]},"after_unknown":{"acceleration_status":true,"arn":true,"bucket_domain_name":true,"bucket_regional_domain_name":true,"cors_rule":[],"grant":[],"hosted_zone_id":true,"id":true,"lifecycle_rule":[],"logging":[],"object_lock_configuration":[],"region":true,"replication_configuration":[],"request_payer":true,"server_side_encryption_configuration":[],"versioning":true,"website":[],"website_domain":true,"website_endpoint":true}}}],"configuration":{"provider_config":{"aws":{"name":"aws","expressions":{"region":{"constant_value":"us-east-1"}}}},"root_module":{"resources":[{"address":"aws_s3_bucket.public-bucket","mode":"managed","type":"aws_s3_bucket","name":"public-bucket","provider_config_key":"aws","expressions":{"acl":{"constant_value":"authenticated-read"},"bucket":{"constant_value":"bucket-with-public-acl-2"}},"schema_version":0,"raw_data":{"FileName":"main.tf","StartLine":5,"EndLine":8}}]}}}
