{"format_version":"0.1","terraform_version":"0.13.4","planned_values":{"root_module":{"resources":[{"address":"aws_main_route_table_association.a","mode":"managed","type":"aws_main_route_table_association","name":"a","provider_name":"registry.terraform.io/hashicorp/aws","schema_version":0,"values":{"route_table_id":"aws_route_table.ido_main_route_table.id","vpc_id":"aws_vpc.external.id"}},{"address":"aws_route_table.ido_main_route_table","mode":"managed","type":"aws_route_table","name":"ido_main_route_table","provider_name":"registry.terraform.io/hashicorp/aws","schema_version":0,"values":{"tags":{"Name":"main"},"tags_all":{"Name":"main"},"vpc_id":"aws_vpc.external.id"}},{"address":"aws_subnet.external","mode":"managed","type":"aws_subnet","name":"external","provider_name":"registry.terraform.io/hashicorp/aws","schema_version":1,"values":{"assign_ipv6_address_on_creation":false,"cidr_block":"172.27.65.0/24","customer_owned_ipv4_pool":null,"ipv6_cidr_block":null,"map_customer_owned_ip_on_launch":null,"map_public_ip_on_launch":false,"outpost_arn":null,"tags":null,"timeouts":null,"vpc_id":"aws_vpc.external.id"}},{"address":"aws_vpc.external","mode":"managed","type":"aws_vpc","name":"external","provider_name":"registry.terraform.io/hashicorp/aws","schema_version":1,"values":{"assign_generated_ipv6_cidr_block":false,"cidr_block":"172.27.0.0/16","enable_dns_hostnames":true,"enable_dns_support":true,"instance_tenancy":"default","tags":{"Name":"external"},"tags_all":{"Name":"external"}}}]}},"resource_changes":[{"address":"aws_main_route_table_association.a","mode":"managed","type":"aws_main_route_table_association","name":"a","provider_name":"registry.terraform.io/hashicorp/aws","change":{"actions":["create"],"before":null,"after":{"route_table_id":"aws_route_table.ido_main_route_table.id","vpc_id":"aws_vpc.external.id"},"after_unknown":{"id":true,"original_route_table_id":true}}},{"address":"aws_route_table.ido_main_route_table","mode":"managed","type":"aws_route_table","name":"ido_main_route_table","provider_name":"registry.terraform.io/hashicorp/aws","change":{"actions":["create"],"before":null,"after":{"tags":{"Name":"main"},"tags_all":{"Name":"main"},"vpc_id":"aws_vpc.external.id"},"after_unknown":{"arn":true,"id":true,"owner_id":true,"propagating_vgws":true,"route":true,"tags":{},"tags_all":{}}}},{"address":"aws_subnet.external","mode":"managed","type":"aws_subnet","name":"external","provider_name":"registry.terraform.io/hashicorp/aws","change":{"actions":["create"],"before":null,"after":{"assign_ipv6_address_on_creation":false,"cidr_block":"172.27.65.0/24","customer_owned_ipv4_pool":null,"ipv6_cidr_block":null,"map_customer_owned_ip_on_launch":null,"map_public_ip_on_launch":false,"outpost_arn":null,"tags":null,"timeouts":null,"vpc_id":"aws_vpc.external.id"},"after_unknown":{"arn":true,"availability_zone":true,"availability_zone_id":true,"id":true,"ipv6_cidr_block_association_id":true,"owner_id":true,"tags_all":true}}},{"address":"aws_vpc.external","mode":"managed","type":"aws_vpc","name":"external","provider_name":"registry.terraform.io/hashicorp/aws","change":{"actions":["create"],"before":null,"after":{"assign_generated_ipv6_cidr_block":false,"cidr_block":"172.27.0.0/16","enable_dns_hostnames":true,"enable_dns_support":true,"instance_tenancy":"default","tags":{"Name":"external"},"tags_all":{"Name":"external"}},"after_unknown":{"arn":true,"default_network_acl_id":true,"default_route_table_id":true,"default_security_group_id":true,"dhcp_options_id":true,"enable_classiclink":true,"enable_classiclink_dns_support":true,"id":true,"ipv6_association_id":true,"ipv6_cidr_block":true,"main_route_table_id":true,"owner_id":true,"tags":{},"tags_all":{}}}}],"configuration":{"root_module":{"resources":[{"address":"aws_main_route_table_association.a","mode":"managed","type":"aws_main_route_table_association","name":"a","provider_config_key":"aws","expressions":{"route_table_id":{"references":["aws_route_table.ido_main_route_table"]},"vpc_id":{"references":["aws_vpc.external"]}},"schema_version":0,"raw_data":{"FileName":"main.tf","StartLine":17,"EndLine":20}},{"address":"aws_route_table.ido_main_route_table","mode":"managed","type":"aws_route_table","name":"ido_main_route_table","provider_config_key":"aws","expressions":{"tags":{"constant_value":{"Name":"main"}},"vpc_id":{"references":["aws_vpc.external"]}},"schema_version":0,"raw_data":{"FileName":"main.tf","StartLine":10,"EndLine":15}},{"address":"aws_subnet.external","mode":"managed","type":"aws_subnet","name":"external","provider_config_key":"aws","expressions":{"cidr_block":{"constant_value":"172.27.65.0/24"},"vpc_id":{"references":["aws_vpc.external"]}},"schema_version":1,"raw_data":{"FileName":"main.tf","StartLine":22,"EndLine":25}},{"address":"aws_vpc.external","mode":"managed","type":"aws_vpc","name":"external","provider_config_key":"aws","expressions":{"cidr_block":{"constant_value":"172.27.0.0/16"},"enable_dns_hostnames":{"constant_value":"true"},"enable_dns_support":{"constant_value":"true"},"tags":{"constant_value":{"Name":"external"}}},"schema_version":1,"raw_data":{"FileName":"main.tf","StartLine":1,"EndLine":8}}]}}}
