{"format_version":"0.1","terraform_version":"0.13.4","planned_values":{"root_module":{"resources":[{"address":"aws_elasticache_replication_group.cloudrail","mode":"managed","type":"aws_elasticache_replication_group","name":"cloudrail","provider_name":"registry.terraform.io/hashicorp/aws","schema_version":1,"values":{"at_rest_encryption_enabled":true,"auth_token":null,"auto_minor_version_upgrade":true,"automatic_failover_enabled":true,"availability_zones":["us-east-1a","us-east-1b"],"cluster_mode":[],"engine":"redis","final_snapshot_identifier":null,"kms_key_id":null,"multi_az_enabled":false,"node_type":"cache.m4.large","notification_topic_arn":null,"number_cache_clusters":2,"port":null,"replication_group_description":"Encrypted","replication_group_id":"tf-rep-group-1-encrypted","snapshot_arns":null,"snapshot_name":null,"snapshot_retention_limit":null,"tags":null,"timeouts":null}}]}},"resource_changes":[{"address":"aws_elasticache_replication_group.cloudrail","mode":"managed","type":"aws_elasticache_replication_group","name":"cloudrail","provider_name":"registry.terraform.io/hashicorp/aws","change":{"actions":["create"],"before":null,"after":{"at_rest_encryption_enabled":true,"auth_token":null,"auto_minor_version_upgrade":true,"automatic_failover_enabled":true,"availability_zones":["us-east-1a","us-east-1b"],"cluster_mode":[],"engine":"redis","final_snapshot_identifier":null,"kms_key_id":null,"multi_az_enabled":false,"node_type":"cache.m4.large","notification_topic_arn":null,"number_cache_clusters":2,"port":null,"replication_group_description":"Encrypted","replication_group_id":"tf-rep-group-1-encrypted","snapshot_arns":null,"snapshot_name":null,"snapshot_retention_limit":null,"tags":null,"timeouts":null},"after_unknown":{"apply_immediately":true,"arn":true,"availability_zones":[false,false],"cluster_enabled":true,"cluster_mode":[],"configuration_endpoint_address":true,"engine_version":true,"engine_version_actual":true,"global_replication_group_id":true,"id":true,"maintenance_window":true,"member_clusters":true,"parameter_group_name":true,"primary_endpoint_address":true,"reader_endpoint_address":true,"security_group_ids":true,"security_group_names":true,"snapshot_window":true,"subnet_group_name":true,"tags_all":true,"transit_encryption_enabled":true}}}],"configuration":{"provider_config":{"aws":{"name":"aws","expressions":{"region":{"constant_value":"us-east-1"}}}},"root_module":{"resources":[{"address":"aws_elasticache_replication_group.cloudrail","mode":"managed","type":"aws_elasticache_replication_group","name":"cloudrail","provider_config_key":"aws","expressions":{"at_rest_encryption_enabled":{"constant_value":true},"automatic_failover_enabled":{"constant_value":true},"availability_zones":{"constant_value":["us-east-1a","us-east-1b"]},"node_type":{"constant_value":"cache.m4.large"},"number_cache_clusters":{"constant_value":2},"replication_group_description":{"constant_value":"Encrypted"},"replication_group_id":{"constant_value":"tf-rep-group-1-encrypted"}},"schema_version":1,"raw_data":{"FileName":"main.tf","StartLine":1,"EndLine":9}}]}}}
