{"format_version":"0.1","terraform_version":"0.14.6","planned_values":{"root_module":{"resources":[{"address":"aws_security_group.inbound_to_lb","mode":"managed","type":"aws_security_group","name":"inbound_to_lb","provider_name":"registry.terraform.io/hashicorp/aws","schema_version":1,"values":{"description":"A distinct description","name":"distinct_name","revoke_rules_on_delete":false,"tags":null,"timeouts":null}}]}},"resource_changes":[{"address":"aws_security_group.inbound_to_lb","mode":"managed","type":"aws_security_group","name":"inbound_to_lb","provider_name":"registry.terraform.io/hashicorp/aws","change":{"actions":["create"],"before":null,"after":{"description":"A distinct description","name":"distinct_name","revoke_rules_on_delete":false,"tags":null,"timeouts":null},"after_unknown":{"arn":true,"egress":true,"id":true,"ingress":true,"name_prefix":true,"owner_id":true,"tags_all":true,"vpc_id":true}}}],"configuration":{"root_module":{"resources":[{"address":"aws_security_group.inbound_to_lb","mode":"managed","type":"aws_security_group","name":"inbound_to_lb","provider_config_key":"aws","expressions":{"description":{"constant_value":"A distinct description"},"name":{"constant_value":"distinct_name"}},"schema_version":1,"raw_data":{"FileName":"main.tf","StartLine":2,"EndLine":5}}]}}}
