{"format_version":"0.1","terraform_version":"0.13.4","planned_values":{"root_module":{"resources":[{"address":"aws_ecs_cluster.ecs-cluster","mode":"managed","type":"aws_ecs_cluster","name":"ecs-cluster","provider_name":"registry.terraform.io/hashicorp/aws","schema_version":0,"values":{"capacity_providers":null,"configuration":[],"default_capacity_provider_strategy":[],"name":"ecs-cluster","setting":[],"tags":null}},{"address":"aws_ecs_service.web-server-service","mode":"managed","type":"aws_ecs_service","name":"web-server-service","provider_name":"registry.terraform.io/hashicorp/aws","schema_version":0,"values":{"capacity_provider_strategy":[],"cluster":"aws_ecs_cluster.ecs-cluster.id","deployment_circuit_breaker":[],"deployment_controller":[],"deployment_maximum_percent":200,"deployment_minimum_healthy_percent":100,"desired_count":1,"enable_ecs_managed_tags":false,"enable_execute_command":false,"force_new_deployment":null,"health_check_grace_period_seconds":null,"launch_type":"FARGATE","load_balancer":[],"name":"web-server-service","network_configuration":[{"assign_public_ip":false,"security_groups":["aws_security_group.http-sg.id"],"subnets":["aws_subnet.private-subnet.id"]}],"ordered_placement_strategy":[],"placement_constraints":[],"propagate_tags":null,"scheduling_strategy":"REPLICA","service_registries":[],"tags":null,"task_definition":"aws_ecs_task_definition.web-server-task-definition.arn","timeouts":null,"wait_for_steady_state":false}},{"address":"aws_ecs_task_definition.web-server-task-definition","mode":"managed","type":"aws_ecs_task_definition","name":"web-server-task-definition","provider_name":"registry.terraform.io/hashicorp/aws","schema_version":1,"values":{"container_definitions":"  [\n    {\n      \"name\": \"apache-web-server\",\n      \"image\": \"/ecr/repository/image/path\",\n      \"essential\": true,\n      \"portMappings\": [\n        {\n          \"containerPort\": 80,\n          \"hostPort\": 80,\n          \"protocol\": \"tcp\"\n        }\n      ]\n    }\n  ]\n","cpu":"256","ephemeral_storage":[],"execution_role_arn":"aws_iam_role.ecs-instance-role.arn","family":"web-server-task","inference_accelerator":[],"ipc_mode":null,"memory":"512","network_mode":"awsvpc","pid_mode":null,"placement_constraints":[],"proxy_configuration":[],"requires_compatibilities":["FARGATE"],"tags":null,"task_role_arn":"aws_iam_role.ecs-instance-role.arn","volume":[]}},{"address":"aws_iam_role.ecs-instance-role","mode":"managed","type":"aws_iam_role","name":"ecs-instance-role","provider_name":"registry.terraform.io/hashicorp/aws","schema_version":0,"values":{"assume_role_policy":"{\n  \"Version\": \"2012-10-17\",\n  \"Statement\": [\n    {\n      \"Action\": \"sts:AssumeRole\",\n      \"Principal\": { \"AWS\": \"*\" },\n      \"Effect\": \"Allow\",\n      \"Sid\": \"\"\n    }\n  ]\n}\n","description":null,"force_detach_policies":false,"inline_policy":[],"max_session_duration":3600,"name":"ecs-instance-role-test","name_prefix":null,"path":"/","permissions_boundary":null,"tags":null}},{"address":"aws_network_acl.private-subnet-nacl","mode":"managed","type":"aws_network_acl","name":"private-subnet-nacl","provider_name":"registry.terraform.io/hashicorp/aws","schema_version":0,"values":{"subnet_ids":["aws_subnet.private-subnet.id"],"tags":null,"vpc_id":"aws_vpc.test-vpc.id"}},{"address":"aws_network_acl_rule.inbound-rule","mode":"managed","type":"aws_network_acl_rule","name":"inbound-rule","provider_name":"registry.terraform.io/hashicorp/aws","schema_version":0,"values":{"cidr_block":"192.168.100.128/25","egress":false,"from_port":80,"icmp_code":null,"icmp_type":null,"ipv6_cidr_block":null,"network_acl_id":"aws_network_acl.private-subnet-nacl.id","protocol":"tcp","rule_action":"allow","rule_number":100,"to_port":80}},{"address":"aws_network_acl_rule.outbound-rule","mode":"managed","type":"aws_network_acl_rule","name":"outbound-rule","provider_name":"registry.terraform.io/hashicorp/aws","schema_version":0,"values":{"cidr_block":"0.0.0.0/0","egress":true,"from_port":0,"icmp_code":null,"icmp_type":null,"ipv6_cidr_block":null,"network_acl_id":"aws_network_acl.private-subnet-nacl.id","protocol":"-1","rule_action":"allow","rule_number":100,"to_port":0}},{"address":"aws_route_table.private-rtb","mode":"managed","type":"aws_route_table","name":"private-rtb","provider_name":"registry.terraform.io/hashicorp/aws","schema_version":0,"values":{"tags":{"Name":"private-rtb"},"tags_all":{"Name":"private-rtb"},"vpc_id":"aws_vpc.test-vpc.id"}},{"address":"aws_route_table_association.private-rtb-assoc","mode":"managed","type":"aws_route_table_association","name":"private-rtb-assoc","provider_name":"registry.terraform.io/hashicorp/aws","schema_version":0,"values":{"gateway_id":null,"route_table_id":"aws_route_table.private-rtb.id","subnet_id":"aws_subnet.private-subnet.id"}},{"address":"aws_s3_bucket.bucket","mode":"managed","type":"aws_s3_bucket","name":"bucket","provider_name":"registry.terraform.io/hashicorp/aws","schema_version":0,"values":{"acl":"private","bucket":"randombucketname92194","bucket_prefix":null,"cors_rule":[],"force_destroy":false,"grant":[],"lifecycle_rule":[],"logging":[],"object_lock_configuration":[],"policy":null,"replication_configuration":[],"server_side_encryption_configuration":[],"tags":{"Name":"randombucketname92194"},"tags_all":{"Name":"randombucketname92194"},"versioning":[],"website":[]}},{"address":"aws_s3_bucket_policy.public-bucket-policy","mode":"managed","type":"aws_s3_bucket_policy","name":"public-bucket-policy","provider_name":"registry.terraform.io/hashicorp/aws","schema_version":0,"values":{"bucket":"aws_s3_bucket.bucket.id","policy":"{\n  \"Version\": \"2012-10-17\",\n  \"Id\": \"BUCKET_POLICY\",\n  \"Statement\": [\n    {\n      \"Sid\": \"VpceAllow\",\n      \"Effect\": \"Allow\",\n      \"Principal\": { \"AWS\": \"aws_iam_role.ecs-instance-role.arn\" },\n      \"Action\": \"s3:*\",\n      \"Resource\": \"arn:aws:s3:::randombucketname92194/*\"\n    }\n  ]\n}\n"}},{"address":"aws_security_group.http-sg","mode":"managed","type":"aws_security_group","name":"http-sg","provider_name":"registry.terraform.io/hashicorp/aws","schema_version":1,"values":{"description":"Managed by Terraform","egress":[{"cidr_blocks":["0.0.0.0/0"],"description":null,"from_port":0,"ipv6_cidr_blocks":null,"prefix_list_ids":null,"protocol":"-1","security_groups":null,"self":null,"to_port":0}],"ingress":[{"cidr_blocks":["192.168.100.128/25"],"description":"mysql","from_port":80,"ipv6_cidr_blocks":null,"prefix_list_ids":null,"protocol":"tcp","security_groups":null,"self":null,"to_port":80}],"name":"sg","revoke_rules_on_delete":false,"tags":null,"timeouts":null,"vpc_id":"aws_vpc.test-vpc.id"}},{"address":"aws_subnet.private-subnet","mode":"managed","type":"aws_subnet","name":"private-subnet","provider_name":"registry.terraform.io/hashicorp/aws","schema_version":1,"values":{"assign_ipv6_address_on_creation":false,"availability_zone":"us-east-1a","cidr_block":"192.168.100.128/25","customer_owned_ipv4_pool":null,"ipv6_cidr_block":null,"map_customer_owned_ip_on_launch":null,"map_public_ip_on_launch":false,"outpost_arn":null,"tags":null,"timeouts":null,"vpc_id":"aws_vpc.test-vpc.id"}},{"address":"aws_vpc.test-vpc","mode":"managed","type":"aws_vpc","name":"test-vpc","provider_name":"registry.terraform.io/hashicorp/aws","schema_version":1,"values":{"assign_generated_ipv6_cidr_block":false,"cidr_block":"192.168.100.128/25","enable_dns_support":true,"instance_tenancy":"default","tags":null}},{"address":"aws_vpc_endpoint.s3-vpce-gw","mode":"managed","type":"aws_vpc_endpoint","name":"s3-vpce-gw","provider_name":"registry.terraform.io/hashicorp/aws","schema_version":0,"values":{"auto_accept":null,"policy":"{\n  \"Version\": \"2012-10-17\",\n  \"Statement\": [\n    {\n      \"Action\": [\n        \"s3:*\"\n      ],\n      \"Principal\": { \"AWS\": \"*\" },\n      \"Effect\": \"Allow\",\n      \"Resource\": \"*\"\n    }\n  ]\n}\n","private_dns_enabled":false,"service_name":"com.amazonaws.us-east-1.s3","tags":null,"timeouts":null,"vpc_endpoint_type":"Gateway","vpc_id":"aws_vpc.test-vpc.id"}},{"address":"aws_vpc_endpoint_route_table_association.example","mode":"managed","type":"aws_vpc_endpoint_route_table_association","name":"example","provider_name":"registry.terraform.io/hashicorp/aws","schema_version":0,"values":{"route_table_id":"aws_route_table.private-rtb.id","vpc_endpoint_id":"aws_vpc_endpoint.s3-vpce-gw.id"}},{"address":"aws_vpc_endpoint_route_table_association.vpce-gw-to-private-rtb-assoc","mode":"managed","type":"aws_vpc_endpoint_route_table_association","name":"vpce-gw-to-private-rtb-assoc","provider_name":"registry.terraform.io/hashicorp/aws","schema_version":0,"values":{"route_table_id":"aws_route_table.private-rtb.id","vpc_endpoint_id":"aws_vpc_endpoint.s3-vpce-gw.id"}}]}},"resource_changes":[{"address":"aws_ecs_cluster.ecs-cluster","mode":"managed","type":"aws_ecs_cluster","name":"ecs-cluster","provider_name":"registry.terraform.io/hashicorp/aws","change":{"actions":["create"],"before":null,"after":{"capacity_providers":null,"configuration":[],"default_capacity_provider_strategy":[],"name":"ecs-cluster","setting":[],"tags":null},"after_unknown":{"arn":true,"configuration":[],"default_capacity_provider_strategy":[],"id":true,"setting":[],"tags_all":true}}},{"address":"aws_ecs_service.web-server-service","mode":"managed","type":"aws_ecs_service","name":"web-server-service","provider_name":"registry.terraform.io/hashicorp/aws","change":{"actions":["create"],"before":null,"after":{"capacity_provider_strategy":[],"cluster":"aws_ecs_cluster.ecs-cluster.id","deployment_circuit_breaker":[],"deployment_controller":[],"deployment_maximum_percent":200,"deployment_minimum_healthy_percent":100,"desired_count":1,"enable_ecs_managed_tags":false,"enable_execute_command":false,"force_new_deployment":null,"health_check_grace_period_seconds":null,"launch_type":"FARGATE","load_balancer":[],"name":"web-server-service","network_configuration":[{"assign_public_ip":false,"security_groups":["aws_security_group.http-sg.id"],"subnets":["aws_subnet.private-subnet.id"]}],"ordered_placement_strategy":[],"placement_constraints":[],"propagate_tags":null,"scheduling_strategy":"REPLICA","service_registries":[],"tags":null,"task_definition":"aws_ecs_task_definition.web-server-task-definition.arn","timeouts":null,"wait_for_steady_state":false},"after_unknown":{"capacity_provider_strategy":[],"deployment_circuit_breaker":[],"deployment_controller":[],"iam_role":true,"id":true,"load_balancer":[],"network_configuration":[{"security_groups":[false],"subnets":[false]}],"ordered_placement_strategy":[],"placement_constraints":[],"platform_version":true,"service_registries":[],"tags_all":true}}},{"address":"aws_ecs_task_definition.web-server-task-definition","mode":"managed","type":"aws_ecs_task_definition","name":"web-server-task-definition","provider_name":"registry.terraform.io/hashicorp/aws","change":{"actions":["create"],"before":null,"after":{"container_definitions":"  [\n    {\n      \"name\": \"apache-web-server\",\n      \"image\": \"/ecr/repository/image/path\",\n      \"essential\": true,\n      \"portMappings\": [\n        {\n          \"containerPort\": 80,\n          \"hostPort\": 80,\n          \"protocol\": \"tcp\"\n        }\n      ]\n    }\n  ]\n","cpu":"256","ephemeral_storage":[],"execution_role_arn":"aws_iam_role.ecs-instance-role.arn","family":"web-server-task","inference_accelerator":[],"ipc_mode":null,"memory":"512","network_mode":"awsvpc","pid_mode":null,"placement_constraints":[],"proxy_configuration":[],"requires_compatibilities":["FARGATE"],"tags":null,"task_role_arn":"aws_iam_role.ecs-instance-role.arn","volume":[]},"after_unknown":{"arn":true,"ephemeral_storage":[],"id":true,"inference_accelerator":[],"placement_constraints":[],"proxy_configuration":[],"requires_compatibilities":[false],"revision":true,"tags_all":true,"volume":[]}}},{"address":"aws_iam_role.ecs-instance-role","mode":"managed","type":"aws_iam_role","name":"ecs-instance-role","provider_name":"registry.terraform.io/hashicorp/aws","change":{"actions":["create"],"before":null,"after":{"assume_role_policy":"{\n  \"Version\": \"2012-10-17\",\n  \"Statement\": [\n    {\n      \"Action\": \"sts:AssumeRole\",\n      \"Principal\": { \"AWS\": \"*\" },\n      \"Effect\": \"Allow\",\n      \"Sid\": \"\"\n    }\n  ]\n}\n","description":null,"force_detach_policies":false,"inline_policy":[],"max_session_duration":3600,"name":"ecs-instance-role-test","name_prefix":null,"path":"/","permissions_boundary":null,"tags":null},"after_unknown":{"arn":true,"create_date":true,"id":true,"inline_policy":[],"managed_policy_arns":true,"tags_all":true,"unique_id":true}}},{"address":"aws_network_acl.private-subnet-nacl","mode":"managed","type":"aws_network_acl","name":"private-subnet-nacl","provider_name":"registry.terraform.io/hashicorp/aws","change":{"actions":["create"],"before":null,"after":{"subnet_ids":["aws_subnet.private-subnet.id"],"tags":null,"vpc_id":"aws_vpc.test-vpc.id"},"after_unknown":{"arn":true,"egress":true,"id":true,"ingress":true,"owner_id":true,"subnet_ids":[false],"tags_all":true}}},{"address":"aws_network_acl_rule.inbound-rule","mode":"managed","type":"aws_network_acl_rule","name":"inbound-rule","provider_name":"registry.terraform.io/hashicorp/aws","change":{"actions":["create"],"before":null,"after":{"cidr_block":"192.168.100.128/25","egress":false,"from_port":80,"icmp_code":null,"icmp_type":null,"ipv6_cidr_block":null,"network_acl_id":"aws_network_acl.private-subnet-nacl.id","protocol":"tcp","rule_action":"allow","rule_number":100,"to_port":80},"after_unknown":{"id":true}}},{"address":"aws_network_acl_rule.outbound-rule","mode":"managed","type":"aws_network_acl_rule","name":"outbound-rule","provider_name":"registry.terraform.io/hashicorp/aws","change":{"actions":["create"],"before":null,"after":{"cidr_block":"0.0.0.0/0","egress":true,"from_port":0,"icmp_code":null,"icmp_type":null,"ipv6_cidr_block":null,"network_acl_id":"aws_network_acl.private-subnet-nacl.id","protocol":"-1","rule_action":"allow","rule_number":100,"to_port":0},"after_unknown":{"id":true}}},{"address":"aws_route_table.private-rtb","mode":"managed","type":"aws_route_table","name":"private-rtb","provider_name":"registry.terraform.io/hashicorp/aws","change":{"actions":["create"],"before":null,"after":{"tags":{"Name":"private-rtb"},"tags_all":{"Name":"private-rtb"},"vpc_id":"aws_vpc.test-vpc.id"},"after_unknown":{"arn":true,"id":true,"owner_id":true,"propagating_vgws":true,"route":true,"tags":{},"tags_all":{}}}},{"address":"aws_route_table_association.private-rtb-assoc","mode":"managed","type":"aws_route_table_association","name":"private-rtb-assoc","provider_name":"registry.terraform.io/hashicorp/aws","change":{"actions":["create"],"before":null,"after":{"gateway_id":null,"route_table_id":"aws_route_table.private-rtb.id","subnet_id":"aws_subnet.private-subnet.id"},"after_unknown":{"id":true}}},{"address":"aws_s3_bucket.bucket","mode":"managed","type":"aws_s3_bucket","name":"bucket","provider_name":"registry.terraform.io/hashicorp/aws","change":{"actions":["create"],"before":null,"after":{"acl":"private","bucket":"randombucketname92194","bucket_prefix":null,"cors_rule":[],"force_destroy":false,"grant":[],"lifecycle_rule":[],"logging":[],"object_lock_configuration":[],"policy":null,"replication_configuration":[],"server_side_encryption_configuration":[],"tags":{"Name":"randombucketname92194"},"tags_all":{"Name":"randombucketname92194"},"versioning":[],"website":[]},"after_unknown":{"acceleration_status":true,"arn":true,"bucket_domain_name":true,"bucket_regional_domain_name":true,"cors_rule":[],"grant":[],"hosted_zone_id":true,"id":true,"lifecycle_rule":[],"logging":[],"object_lock_configuration":[],"region":true,"replication_configuration":[],"request_payer":true,"server_side_encryption_configuration":[],"tags":{},"tags_all":{},"versioning":[],"website":[],"website_domain":true,"website_endpoint":true}}},{"address":"aws_s3_bucket_policy.public-bucket-policy","mode":"managed","type":"aws_s3_bucket_policy","name":"public-bucket-policy","provider_name":"registry.terraform.io/hashicorp/aws","change":{"actions":["create"],"before":null,"after":{"bucket":"aws_s3_bucket.bucket.id","policy":"{\n  \"Version\": \"2012-10-17\",\n  \"Id\": \"BUCKET_POLICY\",\n  \"Statement\": [\n    {\n      \"Sid\": \"VpceAllow\",\n      \"Effect\": \"Allow\",\n      \"Principal\": { \"AWS\": \"aws_iam_role.ecs-instance-role.arn\" },\n      \"Action\": \"s3:*\",\n      \"Resource\": \"arn:aws:s3:::randombucketname92194/*\"\n    }\n  ]\n}\n"},"after_unknown":{"id":true}}},{"address":"aws_security_group.http-sg","mode":"managed","type":"aws_security_group","name":"http-sg","provider_name":"registry.terraform.io/hashicorp/aws","change":{"actions":["create"],"before":null,"after":{"description":"Managed by Terraform","egress":[{"cidr_blocks":["0.0.0.0/0"],"description":null,"from_port":0,"ipv6_cidr_blocks":null,"prefix_list_ids":null,"protocol":"-1","security_groups":null,"self":null,"to_port":0}],"ingress":[{"cidr_blocks":["192.168.100.128/25"],"description":"mysql","from_port":80,"ipv6_cidr_blocks":null,"prefix_list_ids":null,"protocol":"tcp","security_groups":null,"self":null,"to_port":80}],"name":"sg","revoke_rules_on_delete":false,"tags":null,"timeouts":null,"vpc_id":"aws_vpc.test-vpc.id"},"after_unknown":{"arn":true,"egress":[{"cidr_blocks":[false]}],"id":true,"ingress":[{"cidr_blocks":[false]}],"name_prefix":true,"owner_id":true,"tags_all":true}}},{"address":"aws_subnet.private-subnet","mode":"managed","type":"aws_subnet","name":"private-subnet","provider_name":"registry.terraform.io/hashicorp/aws","change":{"actions":["create"],"before":null,"after":{"assign_ipv6_address_on_creation":false,"availability_zone":"us-east-1a","cidr_block":"192.168.100.128/25","customer_owned_ipv4_pool":null,"ipv6_cidr_block":null,"map_customer_owned_ip_on_launch":null,"map_public_ip_on_launch":false,"outpost_arn":null,"tags":null,"timeouts":null,"vpc_id":"aws_vpc.test-vpc.id"},"after_unknown":{"arn":true,"availability_zone_id":true,"id":true,"ipv6_cidr_block_association_id":true,"owner_id":true,"tags_all":true}}},{"address":"aws_vpc.test-vpc","mode":"managed","type":"aws_vpc","name":"test-vpc","provider_name":"registry.terraform.io/hashicorp/aws","change":{"actions":["create"],"before":null,"after":{"assign_generated_ipv6_cidr_block":false,"cidr_block":"192.168.100.128/25","enable_dns_support":true,"instance_tenancy":"default","tags":null},"after_unknown":{"arn":true,"default_network_acl_id":true,"default_route_table_id":true,"default_security_group_id":true,"dhcp_options_id":true,"enable_classiclink":true,"enable_classiclink_dns_support":true,"enable_dns_hostnames":true,"id":true,"ipv6_association_id":true,"ipv6_cidr_block":true,"main_route_table_id":true,"owner_id":true,"tags_all":true}}},{"address":"aws_vpc_endpoint.s3-vpce-gw","mode":"managed","type":"aws_vpc_endpoint","name":"s3-vpce-gw","provider_name":"registry.terraform.io/hashicorp/aws","change":{"actions":["create"],"before":null,"after":{"auto_accept":null,"policy":"{\n  \"Version\": \"2012-10-17\",\n  \"Statement\": [\n    {\n      \"Action\": [\n        \"s3:*\"\n      ],\n      \"Principal\": { \"AWS\": \"*\" },\n      \"Effect\": \"Allow\",\n      \"Resource\": \"*\"\n    }\n  ]\n}\n","private_dns_enabled":false,"service_name":"com.amazonaws.us-east-1.s3","tags":null,"timeouts":null,"vpc_endpoint_type":"Gateway","vpc_id":"aws_vpc.test-vpc.id"},"after_unknown":{"arn":true,"cidr_blocks":true,"dns_entry":true,"id":true,"network_interface_ids":true,"owner_id":true,"prefix_list_id":true,"requester_managed":true,"route_table_ids":true,"security_group_ids":true,"state":true,"subnet_ids":true,"tags_all":true}}},{"address":"aws_vpc_endpoint_route_table_association.example","mode":"managed","type":"aws_vpc_endpoint_route_table_association","name":"example","provider_name":"registry.terraform.io/hashicorp/aws","change":{"actions":["create"],"before":null,"after":{"route_table_id":"aws_route_table.private-rtb.id","vpc_endpoint_id":"aws_vpc_endpoint.s3-vpce-gw.id"},"after_unknown":{"id":true}}},{"address":"aws_vpc_endpoint_route_table_association.vpce-gw-to-private-rtb-assoc","mode":"managed","type":"aws_vpc_endpoint_route_table_association","name":"vpce-gw-to-private-rtb-assoc","provider_name":"registry.terraform.io/hashicorp/aws","change":{"actions":["create"],"before":null,"after":{"route_table_id":"aws_route_table.private-rtb.id","vpc_endpoint_id":"aws_vpc_endpoint.s3-vpce-gw.id"},"after_unknown":{"id":true}}}],"configuration":{"root_module":{"resources":[{"address":"aws_ecs_cluster.ecs-cluster","mode":"managed","type":"aws_ecs_cluster","name":"ecs-cluster","provider_config_key":"aws","expressions":{"name":{"constant_value":"ecs-cluster"}},"schema_version":0,"raw_data":{"FileName":"main.tf","StartLine":86,"EndLine":88}},{"address":"aws_ecs_service.web-server-service","mode":"managed","type":"aws_ecs_service","name":"web-server-service","provider_config_key":"aws","expressions":{"cluster":{"references":["aws_ecs_cluster.ecs-cluster"]},"desired_count":{"constant_value":1},"launch_type":{"constant_value":"FARGATE"},"name":{"constant_value":"web-server-service"},"network_configuration":[{"assign_public_ip":{"constant_value":false},"security_groups":{"references":["aws_security_group.http-sg"]},"subnets":{"references":["aws_subnet.private-subnet"]}}],"task_definition":{"references":["aws_ecs_task_definition.web-server-task-definition"]}},"schema_version":0,"raw_data":{"FileName":"main.tf","StartLine":135,"EndLine":147}},{"address":"aws_ecs_task_definition.web-server-task-definition","mode":"managed","type":"aws_ecs_task_definition","name":"web-server-task-definition","provider_config_key":"aws","expressions":{"container_definitions":{"constant_value":"  [\n    {\n      \"name\": \"apache-web-server\",\n      \"image\": \"/ecr/repository/image/path\",\n      \"essential\": true,\n      \"portMappings\": [\n        {\n          \"containerPort\": 80,\n          \"hostPort\": 80,\n          \"protocol\": \"tcp\"\n        }\n      ]\n    }\n  ]\n"},"cpu":{"constant_value":"256"},"execution_role_arn":{"references":["aws_iam_role.ecs-instance-role"]},"family":{"constant_value":"web-server-task"},"memory":{"constant_value":"512"},"network_mode":{"constant_value":"awsvpc"},"requires_compatibilities":{"constant_value":["FARGATE"]},"task_role_arn":{"references":["aws_iam_role.ecs-instance-role"]}},"schema_version":1,"raw_data":{"FileName":"main.tf","StartLine":90,"EndLine":114}},{"address":"aws_iam_role.ecs-instance-role","mode":"managed","type":"aws_iam_role","name":"ecs-instance-role","provider_config_key":"aws","expressions":{"assume_role_policy":{"constant_value":"{\n  \"Version\": \"2012-10-17\",\n  \"Statement\": [\n    {\n      \"Action\": \"sts:AssumeRole\",\n      \"Principal\": { \"AWS\": \"*\" },\n      \"Effect\": \"Allow\",\n      \"Sid\": \"\"\n    }\n  ]\n}\n"},"name":{"constant_value":"ecs-instance-role-test"}},"schema_version":0,"raw_data":{"FileName":"main.tf","StartLine":116,"EndLine":133}},{"address":"aws_network_acl.private-subnet-nacl","mode":"managed","type":"aws_network_acl","name":"private-subnet-nacl","provider_config_key":"aws","expressions":{"subnet_ids":{"references":["aws_subnet.private-subnet"]},"vpc_id":{"references":["aws_vpc.test-vpc"]}},"schema_version":0,"raw_data":{"FileName":"main.tf","StartLine":38,"EndLine":41}},{"address":"aws_network_acl_rule.inbound-rule","mode":"managed","type":"aws_network_acl_rule","name":"inbound-rule","provider_config_key":"aws","expressions":{"cidr_block":{"references":["local.cidr_block"]},"egress":{"constant_value":false},"from_port":{"references":["local.http_port"]},"network_acl_id":{"references":["aws_network_acl.private-subnet-nacl"]},"protocol":{"constant_value":"tcp"},"rule_action":{"constant_value":"allow"},"rule_number":{"constant_value":100},"to_port":{"references":["local.http_port"]}},"schema_version":0,"raw_data":{"FileName":"main.tf","StartLine":43,"EndLine":52}},{"address":"aws_network_acl_rule.outbound-rule","mode":"managed","type":"aws_network_acl_rule","name":"outbound-rule","provider_config_key":"aws","expressions":{"cidr_block":{"references":["local.zero_cidr_block"]},"egress":{"constant_value":true},"from_port":{"constant_value":0},"network_acl_id":{"references":["aws_network_acl.private-subnet-nacl"]},"protocol":{"constant_value":-1},"rule_action":{"constant_value":"allow"},"rule_number":{"constant_value":100},"to_port":{"constant_value":0}},"schema_version":0,"raw_data":{"FileName":"main.tf","StartLine":54,"EndLine":63}},{"address":"aws_route_table.private-rtb","mode":"managed","type":"aws_route_table","name":"private-rtb","provider_config_key":"aws","expressions":{"tags":{"constant_value":{"Name":"private-rtb"}},"vpc_id":{"references":["aws_vpc.test-vpc"]}},"schema_version":0,"raw_data":{"FileName":"main.tf","StartLine":20,"EndLine":26}},{"address":"aws_route_table_association.private-rtb-assoc","mode":"managed","type":"aws_route_table_association","name":"private-rtb-assoc","provider_config_key":"aws","expressions":{"route_table_id":{"references":["aws_route_table.private-rtb"]},"subnet_id":{"references":["aws_subnet.private-subnet"]}},"schema_version":0,"raw_data":{"FileName":"main.tf","StartLine":33,"EndLine":36}},{"address":"aws_s3_bucket.bucket","mode":"managed","type":"aws_s3_bucket","name":"bucket","provider_config_key":"aws","expressions":{"bucket":{"constant_value":"randombucketname92194"},"tags":{"constant_value":{"Name":"randombucketname92194"}}},"schema_version":0,"depends_on":["aws_vpc_endpoint.s3-vpce-gw"],"raw_data":{"FileName":"main.tf","StartLine":174,"EndLine":181}},{"address":"aws_s3_bucket_policy.public-bucket-policy","mode":"managed","type":"aws_s3_bucket_policy","name":"public-bucket-policy","provider_config_key":"aws","expressions":{"bucket":{"references":["aws_s3_bucket.bucket"]},"policy":{"references":["aws_iam_role.ecs-instance-role"]}},"schema_version":0,"raw_data":{"FileName":"main.tf","StartLine":183,"EndLine":201}},{"address":"aws_security_group.http-sg","mode":"managed","type":"aws_security_group","name":"http-sg","provider_config_key":"aws","expressions":{"name":{"constant_value":"sg"},"vpc_id":{"references":["aws_vpc.test-vpc"]}},"schema_version":1,"raw_data":{"FileName":"main.tf","StartLine":65,"EndLine":84}},{"address":"aws_subnet.private-subnet","mode":"managed","type":"aws_subnet","name":"private-subnet","provider_config_key":"aws","expressions":{"availability_zone":{"constant_value":"us-east-1a"},"cidr_block":{"references":["local.cidr_block"]},"vpc_id":{"references":["aws_vpc.test-vpc"]}},"schema_version":1,"raw_data":{"FileName":"main.tf","StartLine":14,"EndLine":18}},{"address":"aws_vpc.test-vpc","mode":"managed","type":"aws_vpc","name":"test-vpc","provider_config_key":"aws","expressions":{"cidr_block":{"references":["local.cidr_block"]}},"schema_version":1,"raw_data":{"FileName":"main.tf","StartLine":10,"EndLine":12}},{"address":"aws_vpc_endpoint.s3-vpce-gw","mode":"managed","type":"aws_vpc_endpoint","name":"s3-vpce-gw","provider_config_key":"aws","expressions":{"policy":{"constant_value":"{\n  \"Version\": \"2012-10-17\",\n  \"Statement\": [\n    {\n      \"Action\": [\n        \"s3:*\"\n      ],\n      \"Principal\": { \"AWS\": \"*\" },\n      \"Effect\": \"Allow\",\n      \"Resource\": \"*\"\n    }\n  ]\n}\n"},"service_name":{"constant_value":"com.amazonaws.us-east-1.s3"},"vpc_id":{"references":["aws_vpc.test-vpc"]}},"schema_version":0,"raw_data":{"FileName":"main.tf","StartLine":149,"EndLine":167}},{"address":"aws_vpc_endpoint_route_table_association.example","mode":"managed","type":"aws_vpc_endpoint_route_table_association","name":"example","provider_config_key":"aws","expressions":{"route_table_id":{"references":["aws_route_table.private-rtb"]},"vpc_endpoint_id":{"references":["aws_vpc_endpoint.s3-vpce-gw"]}},"schema_version":0,"raw_data":{"FileName":"main.tf","StartLine":28,"EndLine":31}},{"address":"aws_vpc_endpoint_route_table_association.vpce-gw-to-private-rtb-assoc","mode":"managed","type":"aws_vpc_endpoint_route_table_association","name":"vpce-gw-to-private-rtb-assoc","provider_config_key":"aws","expressions":{"route_table_id":{"references":["aws_route_table.private-rtb"]},"vpc_endpoint_id":{"references":["aws_vpc_endpoint.s3-vpce-gw"]}},"schema_version":0,"raw_data":{"FileName":"main.tf","StartLine":169,"EndLine":172}}]}}}
