{"format_version":"0.1","terraform_version":"0.14.6","planned_values":{"root_module":{"resources":[{"address":"aws_default_vpc.default","mode":"managed","type":"aws_default_vpc","name":"default","provider_name":"registry.terraform.io/hashicorp/aws","schema_version":1,"values":{"enable_dns_hostnames":false,"enable_dns_support":true,"tags":{"TerraformTag":"TerraformValue"},"tags_all":{"TerraformTag":"TerraformValue"}}}]}},"resource_changes":[{"address":"aws_default_vpc.default","mode":"managed","type":"aws_default_vpc","name":"default","provider_name":"registry.terraform.io/hashicorp/aws","change":{"actions":["create"],"before":null,"after":{"enable_dns_hostnames":false,"enable_dns_support":true,"tags":{"TerraformTag":"TerraformValue"},"tags_all":{"TerraformTag":"TerraformValue"}},"after_unknown":{"arn":true,"assign_generated_ipv6_cidr_block":true,"cidr_block":true,"default_network_acl_id":true,"default_route_table_id":true,"default_security_group_id":true,"dhcp_options_id":true,"enable_classiclink":true,"enable_classiclink_dns_support":true,"id":true,"instance_tenancy":true,"ipv6_association_id":true,"ipv6_cidr_block":true,"main_route_table_id":true,"owner_id":true,"tags":{},"tags_all":{}}}}],"configuration":{"root_module":{"resources":[{"address":"aws_default_vpc.default","mode":"managed","type":"aws_default_vpc","name":"default","provider_config_key":"aws","expressions":{"enable_dns_hostnames":{"constant_value":false},"tags":{"constant_value":{"TerraformTag":"TerraformValue"}}},"schema_version":1,"raw_data":{"FileName":"main.tf","StartLine":1,"EndLine":8}}]}}}
