{"format_version":"0.1","terraform_version":"0.13.4","planned_values":{"root_module":{"resources":[{"address":"aws_elasticsearch_domain.test_cluster","mode":"managed","type":"aws_elasticsearch_domain","name":"test_cluster","provider_name":"registry.terraform.io/hashicorp/aws","schema_version":0,"values":{"advanced_security_options":[],"cluster_config":[{"dedicated_master_count":null,"dedicated_master_enabled":null,"dedicated_master_type":null,"instance_count":2,"instance_type":"t2.small.elasticsearch","warm_count":null,"warm_enabled":null,"warm_type":null,"zone_awareness_config":[],"zone_awareness_enabled":true}],"cognito_options":[],"domain_endpoint_options":[],"domain_name":"es-test","ebs_options":[{"ebs_enabled":true,"iops":null,"volume_size":10,"volume_type":null}],"elasticsearch_version":"1.5","encrypt_at_rest":[],"log_publishing_options":[],"node_to_node_encryption":[],"snapshot_options":[],"tags":null,"timeouts":null,"vpc_options":[{"availability_zones":null,"security_group_ids":["aws_security_group.nondefault.id"],"subnet_ids":["aws_subnet.nondefault_1.id","aws_subnet.nondefault_2.id"],"vpc_id":null}]}},{"address":"aws_iam_role.firehose_role","mode":"managed","type":"aws_iam_role","name":"firehose_role","provider_name":"registry.terraform.io/hashicorp/aws","schema_version":0,"values":{"assume_role_policy":"{\n  \"Version\": \"2012-10-17\",\n  \"Statement\": [\n    {\n      \"Action\": \"sts:AssumeRole\",\n      \"Principal\": {\n        \"Service\": \"firehose.amazonaws.com\"\n      },\n      \"Effect\": \"Allow\",\n      \"Sid\": \"\"\n    }\n  ]\n}\n","description":null,"force_detach_policies":false,"inline_policy":[],"max_session_duration":3600,"name":"firehose_test_role","name_prefix":null,"path":"/","permissions_boundary":null,"tags":null}},{"address":"aws_iam_role_policy.firehose-elasticsearch","mode":"managed","type":"aws_iam_role_policy","name":"firehose-elasticsearch","provider_name":"registry.terraform.io/hashicorp/aws","schema_version":0,"values":{"name":"elasticsearch","name_prefix":null,"policy":"{\n  \"Version\": \"2012-10-17\",\n  \"Statement\": [\n    {\n      \"Effect\": \"Allow\",\n      \"Action\": [\n        \"es:*\"\n      ],\n      \"Resource\": [\n        \"aws_elasticsearch_domain.test_cluster.arn\",\n        \"aws_elasticsearch_domain.test_cluster.arn/*\"\n      ]\n        },\n        {\n          \"Effect\": \"Allow\",\n          \"Action\": [\n            \"ec2:DescribeVpcs\",\n            \"ec2:DescribeVpcAttribute\",\n            \"ec2:DescribeSubnets\",\n            \"ec2:DescribeSecurityGroups\",\n            \"ec2:DescribeNetworkInterfaces\",\n            \"ec2:CreateNetworkInterface\",\n            \"ec2:CreateNetworkInterfacePermission\",\n            \"ec2:DeleteNetworkInterface\"\n          ],\n          \"Resource\": [\n            \"*\"\n          ]\n        }\n  ]\n}\n","role":"aws_iam_role.firehose_role.id"}},{"address":"aws_internet_gateway.gw","mode":"managed","type":"aws_internet_gateway","name":"gw","provider_name":"registry.terraform.io/hashicorp/aws","schema_version":0,"values":{"tags":{"Name":"main"},"tags_all":{"Name":"main"},"vpc_id":"aws_vpc.nondefault.id"}},{"address":"aws_kinesis_firehose_delivery_stream.test","mode":"managed","type":"aws_kinesis_firehose_delivery_stream","name":"test","provider_name":"registry.terraform.io/hashicorp/aws","schema_version":1,"values":{"destination":"elasticsearch","elasticsearch_configuration":[{"buffering_interval":null,"buffering_size":null,"cloudwatch_logging_options":[],"cluster_endpoint":null,"domain_arn":"aws_elasticsearch_domain.test_cluster.arn","index_name":"test","index_rotation_period":null,"processing_configuration":[],"retry_duration":null,"role_arn":"aws_iam_role.firehose_role.arn","s3_backup_mode":null,"type_name":"test","vpc_config":[{"role_arn":"aws_iam_role.firehose_role.arn","security_group_ids":["aws_security_group.nondefault.id"],"subnet_ids":["aws_subnet.nondefault_1.id","aws_subnet.nondefault_2.id"],"vpc_id":null}]}],"extended_s3_configuration":[],"http_endpoint_configuration":[],"kinesis_source_configuration":[],"name":"terraform-kinesis-firehose-es","redshift_configuration":[],"s3_configuration":[{"bucket_arn":"aws_s3_bucket.bucket.arn","buffer_interval":null,"buffer_size":null,"cloudwatch_logging_options":[],"compression_format":null,"kms_key_arn":null,"prefix":null,"role_arn":"aws_iam_role.firehose_role.arn"}],"server_side_encryption":[],"splunk_configuration":[],"tags":null}},{"address":"aws_route_table.public-rtb","mode":"managed","type":"aws_route_table","name":"public-rtb","provider_name":"registry.terraform.io/hashicorp/aws","schema_version":0,"values":{"route":[{"carrier_gateway_id":null,"cidr_block":"0.0.0.0/0","destination_prefix_list_id":null,"egress_only_gateway_id":null,"gateway_id":"aws_internet_gateway.gw.id","instance_id":null,"ipv6_cidr_block":null,"local_gateway_id":null,"nat_gateway_id":null,"network_interface_id":null,"transit_gateway_id":null,"vpc_endpoint_id":null,"vpc_peering_connection_id":null}],"tags":{"Name":"public-rtb"},"tags_all":{"Name":"public-rtb"},"vpc_id":"aws_vpc.nondefault.id"}},{"address":"aws_route_table_association.public-rtb-assoc_1","mode":"managed","type":"aws_route_table_association","name":"public-rtb-assoc_1","provider_name":"registry.terraform.io/hashicorp/aws","schema_version":0,"values":{"gateway_id":null,"route_table_id":"aws_route_table.public-rtb.id","subnet_id":"aws_subnet.nondefault_1.id"}},{"address":"aws_route_table_association.public-rtb-assoc_2","mode":"managed","type":"aws_route_table_association","name":"public-rtb-assoc_2","provider_name":"registry.terraform.io/hashicorp/aws","schema_version":0,"values":{"gateway_id":null,"route_table_id":"aws_route_table.public-rtb.id","subnet_id":"aws_subnet.nondefault_2.id"}},{"address":"aws_s3_bucket.bucket","mode":"managed","type":"aws_s3_bucket","name":"bucket","provider_name":"registry.terraform.io/hashicorp/aws","schema_version":0,"values":{"acl":"private","bucket":"cloudrail-firehose-testing-kinesis","bucket_prefix":null,"cors_rule":[],"force_destroy":false,"grant":[],"lifecycle_rule":[],"logging":[],"object_lock_configuration":[],"policy":null,"replication_configuration":[],"server_side_encryption_configuration":[],"tags":null,"versioning":[],"website":[]}},{"address":"aws_security_group.nondefault","mode":"managed","type":"aws_security_group","name":"nondefault","provider_name":"registry.terraform.io/hashicorp/aws","schema_version":1,"values":{"description":"Managed by Terraform","egress":[{"cidr_blocks":["0.0.0.0/0"],"description":null,"from_port":0,"ipv6_cidr_blocks":null,"prefix_list_ids":null,"protocol":"-1","security_groups":null,"self":null,"to_port":0}],"ingress":[{"cidr_blocks":["0.0.0.0/0"],"description":null,"from_port":0,"ipv6_cidr_blocks":null,"prefix_list_ids":null,"protocol":"-1","security_groups":null,"self":null,"to_port":0}],"revoke_rules_on_delete":false,"tags":null,"timeouts":null,"vpc_id":"aws_vpc.nondefault.id"}},{"address":"aws_subnet.nondefault_1","mode":"managed","type":"aws_subnet","name":"nondefault_1","provider_name":"registry.terraform.io/hashicorp/aws","schema_version":1,"values":{"assign_ipv6_address_on_creation":false,"availability_zone":"us-east-1a","cidr_block":"10.1.1.128/25","customer_owned_ipv4_pool":null,"ipv6_cidr_block":null,"map_customer_owned_ip_on_launch":null,"map_public_ip_on_launch":false,"outpost_arn":null,"tags":null,"timeouts":null,"vpc_id":"aws_vpc.nondefault.id"}},{"address":"aws_subnet.nondefault_2","mode":"managed","type":"aws_subnet","name":"nondefault_2","provider_name":"registry.terraform.io/hashicorp/aws","schema_version":1,"values":{"assign_ipv6_address_on_creation":false,"availability_zone":"us-east-1b","cidr_block":"10.1.1.0/25","customer_owned_ipv4_pool":null,"ipv6_cidr_block":null,"map_customer_owned_ip_on_launch":null,"map_public_ip_on_launch":false,"outpost_arn":null,"tags":null,"timeouts":null,"vpc_id":"aws_vpc.nondefault.id"}},{"address":"aws_vpc.nondefault","mode":"managed","type":"aws_vpc","name":"nondefault","provider_name":"registry.terraform.io/hashicorp/aws","schema_version":1,"values":{"assign_generated_ipv6_cidr_block":false,"cidr_block":"10.1.1.0/24","enable_dns_support":true,"instance_tenancy":"default","tags":null}}]}},"resource_changes":[{"address":"aws_elasticsearch_domain.test_cluster","mode":"managed","type":"aws_elasticsearch_domain","name":"test_cluster","provider_name":"registry.terraform.io/hashicorp/aws","change":{"actions":["create"],"before":null,"after":{"advanced_security_options":[],"cluster_config":[{"dedicated_master_count":null,"dedicated_master_enabled":null,"dedicated_master_type":null,"instance_count":2,"instance_type":"t2.small.elasticsearch","warm_count":null,"warm_enabled":null,"warm_type":null,"zone_awareness_config":[],"zone_awareness_enabled":true}],"cognito_options":[],"domain_endpoint_options":[],"domain_name":"es-test","ebs_options":[{"ebs_enabled":true,"iops":null,"volume_size":10,"volume_type":null}],"elasticsearch_version":"1.5","encrypt_at_rest":[],"log_publishing_options":[],"node_to_node_encryption":[],"snapshot_options":[],"tags":null,"timeouts":null,"vpc_options":[{"availability_zones":null,"security_group_ids":["aws_security_group.nondefault.id"],"subnet_ids":["aws_subnet.nondefault_1.id","aws_subnet.nondefault_2.id"],"vpc_id":null}]},"after_unknown":{"access_policies":true,"advanced_options":true,"advanced_security_options":[],"arn":true,"cluster_config":[{"zone_awareness_config":[]}],"cognito_options":[],"domain_endpoint_options":[],"domain_id":true,"ebs_options":[{}],"encrypt_at_rest":[],"endpoint":true,"id":true,"kibana_endpoint":true,"log_publishing_options":[],"node_to_node_encryption":[],"snapshot_options":[],"tags_all":true,"vpc_options":[{"security_group_ids":[false],"subnet_ids":[false,false]}]}}},{"address":"aws_iam_role.firehose_role","mode":"managed","type":"aws_iam_role","name":"firehose_role","provider_name":"registry.terraform.io/hashicorp/aws","change":{"actions":["create"],"before":null,"after":{"assume_role_policy":"{\n  \"Version\": \"2012-10-17\",\n  \"Statement\": [\n    {\n      \"Action\": \"sts:AssumeRole\",\n      \"Principal\": {\n        \"Service\": \"firehose.amazonaws.com\"\n      },\n      \"Effect\": \"Allow\",\n      \"Sid\": \"\"\n    }\n  ]\n}\n","description":null,"force_detach_policies":false,"inline_policy":[],"max_session_duration":3600,"name":"firehose_test_role","name_prefix":null,"path":"/","permissions_boundary":null,"tags":null},"after_unknown":{"arn":true,"create_date":true,"id":true,"inline_policy":[],"managed_policy_arns":true,"tags_all":true,"unique_id":true}}},{"address":"aws_iam_role_policy.firehose-elasticsearch","mode":"managed","type":"aws_iam_role_policy","name":"firehose-elasticsearch","provider_name":"registry.terraform.io/hashicorp/aws","change":{"actions":["create"],"before":null,"after":{"name":"elasticsearch","name_prefix":null,"policy":"{\n  \"Version\": \"2012-10-17\",\n  \"Statement\": [\n    {\n      \"Effect\": \"Allow\",\n      \"Action\": [\n        \"es:*\"\n      ],\n      \"Resource\": [\n        \"aws_elasticsearch_domain.test_cluster.arn\",\n        \"aws_elasticsearch_domain.test_cluster.arn/*\"\n      ]\n        },\n        {\n          \"Effect\": \"Allow\",\n          \"Action\": [\n            \"ec2:DescribeVpcs\",\n            \"ec2:DescribeVpcAttribute\",\n            \"ec2:DescribeSubnets\",\n            \"ec2:DescribeSecurityGroups\",\n            \"ec2:DescribeNetworkInterfaces\",\n            \"ec2:CreateNetworkInterface\",\n            \"ec2:CreateNetworkInterfacePermission\",\n            \"ec2:DeleteNetworkInterface\"\n          ],\n          \"Resource\": [\n            \"*\"\n          ]\n        }\n  ]\n}\n","role":"aws_iam_role.firehose_role.id"},"after_unknown":{"id":true}}},{"address":"aws_internet_gateway.gw","mode":"managed","type":"aws_internet_gateway","name":"gw","provider_name":"registry.terraform.io/hashicorp/aws","change":{"actions":["create"],"before":null,"after":{"tags":{"Name":"main"},"tags_all":{"Name":"main"},"vpc_id":"aws_vpc.nondefault.id"},"after_unknown":{"arn":true,"id":true,"owner_id":true,"tags":{},"tags_all":{}}}},{"address":"aws_kinesis_firehose_delivery_stream.test","mode":"managed","type":"aws_kinesis_firehose_delivery_stream","name":"test","provider_name":"registry.terraform.io/hashicorp/aws","change":{"actions":["create"],"before":null,"after":{"destination":"elasticsearch","elasticsearch_configuration":[{"buffering_interval":null,"buffering_size":null,"cloudwatch_logging_options":[],"cluster_endpoint":null,"domain_arn":"aws_elasticsearch_domain.test_cluster.arn","index_name":"test","index_rotation_period":null,"processing_configuration":[],"retry_duration":null,"role_arn":"aws_iam_role.firehose_role.arn","s3_backup_mode":null,"type_name":"test","vpc_config":[{"role_arn":"aws_iam_role.firehose_role.arn","security_group_ids":["aws_security_group.nondefault.id"],"subnet_ids":["aws_subnet.nondefault_1.id","aws_subnet.nondefault_2.id"],"vpc_id":null}]}],"extended_s3_configuration":[],"http_endpoint_configuration":[],"kinesis_source_configuration":[],"name":"terraform-kinesis-firehose-es","redshift_configuration":[],"s3_configuration":[{"bucket_arn":"aws_s3_bucket.bucket.arn","buffer_interval":null,"buffer_size":null,"cloudwatch_logging_options":[],"compression_format":null,"kms_key_arn":null,"prefix":null,"role_arn":"aws_iam_role.firehose_role.arn"}],"server_side_encryption":[],"splunk_configuration":[],"tags":null},"after_unknown":{"arn":true,"destination_id":true,"elasticsearch_configuration":[{"cloudwatch_logging_options":[],"processing_configuration":[],"vpc_config":[{"security_group_ids":[false],"subnet_ids":[false,false]}]}],"extended_s3_configuration":[],"http_endpoint_configuration":[],"id":true,"kinesis_source_configuration":[],"redshift_configuration":[],"s3_configuration":[{"cloudwatch_logging_options":[]}],"server_side_encryption":[],"splunk_configuration":[],"tags_all":true,"version_id":true}}},{"address":"aws_route_table.public-rtb","mode":"managed","type":"aws_route_table","name":"public-rtb","provider_name":"registry.terraform.io/hashicorp/aws","change":{"actions":["create"],"before":null,"after":{"route":[{"carrier_gateway_id":null,"cidr_block":"0.0.0.0/0","destination_prefix_list_id":null,"egress_only_gateway_id":null,"gateway_id":"aws_internet_gateway.gw.id","instance_id":null,"ipv6_cidr_block":null,"local_gateway_id":null,"nat_gateway_id":null,"network_interface_id":null,"transit_gateway_id":null,"vpc_endpoint_id":null,"vpc_peering_connection_id":null}],"tags":{"Name":"public-rtb"},"tags_all":{"Name":"public-rtb"},"vpc_id":"aws_vpc.nondefault.id"},"after_unknown":{"arn":true,"id":true,"owner_id":true,"propagating_vgws":true,"route":[{}],"tags":{},"tags_all":{}}}},{"address":"aws_route_table_association.public-rtb-assoc_1","mode":"managed","type":"aws_route_table_association","name":"public-rtb-assoc_1","provider_name":"registry.terraform.io/hashicorp/aws","change":{"actions":["create"],"before":null,"after":{"gateway_id":null,"route_table_id":"aws_route_table.public-rtb.id","subnet_id":"aws_subnet.nondefault_1.id"},"after_unknown":{"id":true}}},{"address":"aws_route_table_association.public-rtb-assoc_2","mode":"managed","type":"aws_route_table_association","name":"public-rtb-assoc_2","provider_name":"registry.terraform.io/hashicorp/aws","change":{"actions":["create"],"before":null,"after":{"gateway_id":null,"route_table_id":"aws_route_table.public-rtb.id","subnet_id":"aws_subnet.nondefault_2.id"},"after_unknown":{"id":true}}},{"address":"aws_s3_bucket.bucket","mode":"managed","type":"aws_s3_bucket","name":"bucket","provider_name":"registry.terraform.io/hashicorp/aws","change":{"actions":["create"],"before":null,"after":{"acl":"private","bucket":"cloudrail-firehose-testing-kinesis","bucket_prefix":null,"cors_rule":[],"force_destroy":false,"grant":[],"lifecycle_rule":[],"logging":[],"object_lock_configuration":[],"policy":null,"replication_configuration":[],"server_side_encryption_configuration":[],"tags":null,"versioning":[],"website":[]},"after_unknown":{"acceleration_status":true,"arn":true,"bucket_domain_name":true,"bucket_regional_domain_name":true,"cors_rule":[],"grant":[],"hosted_zone_id":true,"id":true,"lifecycle_rule":[],"logging":[],"object_lock_configuration":[],"region":true,"replication_configuration":[],"request_payer":true,"server_side_encryption_configuration":[],"tags_all":true,"versioning":[],"website":[],"website_domain":true,"website_endpoint":true}}},{"address":"aws_security_group.nondefault","mode":"managed","type":"aws_security_group","name":"nondefault","provider_name":"registry.terraform.io/hashicorp/aws","change":{"actions":["create"],"before":null,"after":{"description":"Managed by Terraform","egress":[{"cidr_blocks":["0.0.0.0/0"],"description":null,"from_port":0,"ipv6_cidr_blocks":null,"prefix_list_ids":null,"protocol":"-1","security_groups":null,"self":null,"to_port":0}],"ingress":[{"cidr_blocks":["0.0.0.0/0"],"description":null,"from_port":0,"ipv6_cidr_blocks":null,"prefix_list_ids":null,"protocol":"-1","security_groups":null,"self":null,"to_port":0}],"revoke_rules_on_delete":false,"tags":null,"timeouts":null,"vpc_id":"aws_vpc.nondefault.id"},"after_unknown":{"arn":true,"egress":[{"cidr_blocks":[false]}],"id":true,"ingress":[{"cidr_blocks":[false]}],"name":true,"name_prefix":true,"owner_id":true,"tags_all":true}}},{"address":"aws_subnet.nondefault_1","mode":"managed","type":"aws_subnet","name":"nondefault_1","provider_name":"registry.terraform.io/hashicorp/aws","change":{"actions":["create"],"before":null,"after":{"assign_ipv6_address_on_creation":false,"availability_zone":"us-east-1a","cidr_block":"10.1.1.128/25","customer_owned_ipv4_pool":null,"ipv6_cidr_block":null,"map_customer_owned_ip_on_launch":null,"map_public_ip_on_launch":false,"outpost_arn":null,"tags":null,"timeouts":null,"vpc_id":"aws_vpc.nondefault.id"},"after_unknown":{"arn":true,"availability_zone_id":true,"id":true,"ipv6_cidr_block_association_id":true,"owner_id":true,"tags_all":true}}},{"address":"aws_subnet.nondefault_2","mode":"managed","type":"aws_subnet","name":"nondefault_2","provider_name":"registry.terraform.io/hashicorp/aws","change":{"actions":["create"],"before":null,"after":{"assign_ipv6_address_on_creation":false,"availability_zone":"us-east-1b","cidr_block":"10.1.1.0/25","customer_owned_ipv4_pool":null,"ipv6_cidr_block":null,"map_customer_owned_ip_on_launch":null,"map_public_ip_on_launch":false,"outpost_arn":null,"tags":null,"timeouts":null,"vpc_id":"aws_vpc.nondefault.id"},"after_unknown":{"arn":true,"availability_zone_id":true,"id":true,"ipv6_cidr_block_association_id":true,"owner_id":true,"tags_all":true}}},{"address":"aws_vpc.nondefault","mode":"managed","type":"aws_vpc","name":"nondefault","provider_name":"registry.terraform.io/hashicorp/aws","change":{"actions":["create"],"before":null,"after":{"assign_generated_ipv6_cidr_block":false,"cidr_block":"10.1.1.0/24","enable_dns_support":true,"instance_tenancy":"default","tags":null},"after_unknown":{"arn":true,"default_network_acl_id":true,"default_route_table_id":true,"default_security_group_id":true,"dhcp_options_id":true,"enable_classiclink":true,"enable_classiclink_dns_support":true,"enable_dns_hostnames":true,"id":true,"ipv6_association_id":true,"ipv6_cidr_block":true,"main_route_table_id":true,"owner_id":true,"tags_all":true}}}],"configuration":{"provider_config":{"aws":{"name":"aws","expressions":{"region":{"constant_value":"us-east-1"}}}},"root_module":{"resources":[{"address":"aws_elasticsearch_domain.test_cluster","mode":"managed","type":"aws_elasticsearch_domain","name":"test_cluster","provider_config_key":"aws","expressions":{"cluster_config":[{"instance_count":{"constant_value":2},"instance_type":{"constant_value":"t2.small.elasticsearch"},"zone_awareness_enabled":{"constant_value":true}}],"domain_name":{"constant_value":"es-test"},"ebs_options":[{"ebs_enabled":{"constant_value":true},"volume_size":{"constant_value":10}}],"vpc_options":[{"security_group_ids":{"references":["aws_security_group.nondefault"]},"subnet_ids":{"references":["aws_subnet.nondefault_1","aws_subnet.nondefault_2"]}}]},"schema_version":0,"raw_data":{"FileName":"main.tf","StartLine":68,"EndLine":86}},{"address":"aws_iam_role.firehose_role","mode":"managed","type":"aws_iam_role","name":"firehose_role","provider_config_key":"aws","expressions":{"assume_role_policy":{"constant_value":"{\n  \"Version\": \"2012-10-17\",\n  \"Statement\": [\n    {\n      \"Action\": \"sts:AssumeRole\",\n      \"Principal\": {\n        \"Service\": \"firehose.amazonaws.com\"\n      },\n      \"Effect\": \"Allow\",\n      \"Sid\": \"\"\n    }\n  ]\n}\n"},"name":{"constant_value":"firehose_test_role"}},"schema_version":0,"raw_data":{"FileName":"main.tf","StartLine":89,"EndLine":107}},{"address":"aws_iam_role_policy.firehose-elasticsearch","mode":"managed","type":"aws_iam_role_policy","name":"firehose-elasticsearch","provider_config_key":"aws","expressions":{"name":{"constant_value":"elasticsearch"},"policy":{"references":["aws_elasticsearch_domain.test_cluster","aws_elasticsearch_domain.test_cluster"]},"role":{"references":["aws_iam_role.firehose_role"]}},"schema_version":0,"raw_data":{"FileName":"main.tf","StartLine":109,"EndLine":145}},{"address":"aws_internet_gateway.gw","mode":"managed","type":"aws_internet_gateway","name":"gw","provider_config_key":"aws","expressions":{"tags":{"constant_value":{"Name":"main"}},"vpc_id":{"references":["aws_vpc.nondefault"]}},"schema_version":0,"raw_data":{"FileName":"main.tf","StartLine":37,"EndLine":43}},{"address":"aws_kinesis_firehose_delivery_stream.test","mode":"managed","type":"aws_kinesis_firehose_delivery_stream","name":"test","provider_config_key":"aws","expressions":{"destination":{"constant_value":"elasticsearch"},"elasticsearch_configuration":[{"domain_arn":{"references":["aws_elasticsearch_domain.test_cluster"]},"index_name":{"constant_value":"test"},"role_arn":{"references":["aws_iam_role.firehose_role"]},"type_name":{"constant_value":"test"},"vpc_config":[{"role_arn":{"references":["aws_iam_role.firehose_role"]},"security_group_ids":{"references":["aws_security_group.nondefault"]},"subnet_ids":{"references":["aws_subnet.nondefault_1","aws_subnet.nondefault_2"]}}]}],"name":{"constant_value":"terraform-kinesis-firehose-es"},"s3_configuration":[{"bucket_arn":{"references":["aws_s3_bucket.bucket"]},"role_arn":{"references":["aws_iam_role.firehose_role"]}}]},"schema_version":1,"depends_on":["aws_iam_role_policy.firehose-elasticsearch"],"raw_data":{"FileName":"main.tf","StartLine":152,"EndLine":173}},{"address":"aws_route_table.public-rtb","mode":"managed","type":"aws_route_table","name":"public-rtb","provider_config_key":"aws","expressions":{"tags":{"constant_value":{"Name":"public-rtb"}},"vpc_id":{"references":["aws_vpc.nondefault"]}},"schema_version":0,"raw_data":{"FileName":"main.tf","StartLine":45,"EndLine":56}},{"address":"aws_route_table_association.public-rtb-assoc_1","mode":"managed","type":"aws_route_table_association","name":"public-rtb-assoc_1","provider_config_key":"aws","expressions":{"route_table_id":{"references":["aws_route_table.public-rtb"]},"subnet_id":{"references":["aws_subnet.nondefault_1"]}},"schema_version":0,"raw_data":{"FileName":"main.tf","StartLine":58,"EndLine":61}},{"address":"aws_route_table_association.public-rtb-assoc_2","mode":"managed","type":"aws_route_table_association","name":"public-rtb-assoc_2","provider_config_key":"aws","expressions":{"route_table_id":{"references":["aws_route_table.public-rtb"]},"subnet_id":{"references":["aws_subnet.nondefault_2"]}},"schema_version":0,"raw_data":{"FileName":"main.tf","StartLine":63,"EndLine":66}},{"address":"aws_s3_bucket.bucket","mode":"managed","type":"aws_s3_bucket","name":"bucket","provider_config_key":"aws","expressions":{"acl":{"constant_value":"private"},"bucket":{"constant_value":"cloudrail-firehose-testing-kinesis"}},"schema_version":0,"raw_data":{"FileName":"main.tf","StartLine":147,"EndLine":150}},{"address":"aws_security_group.nondefault","mode":"managed","type":"aws_security_group","name":"nondefault","provider_config_key":"aws","expressions":{"vpc_id":{"references":["aws_vpc.nondefault"]}},"schema_version":1,"raw_data":{"FileName":"main.tf","StartLine":6,"EndLine":23}},{"address":"aws_subnet.nondefault_1","mode":"managed","type":"aws_subnet","name":"nondefault_1","provider_config_key":"aws","expressions":{"availability_zone":{"constant_value":"us-east-1a"},"cidr_block":{"constant_value":"10.1.1.128/25"},"vpc_id":{"references":["aws_vpc.nondefault"]}},"schema_version":1,"raw_data":{"FileName":"main.tf","StartLine":25,"EndLine":29}},{"address":"aws_subnet.nondefault_2","mode":"managed","type":"aws_subnet","name":"nondefault_2","provider_config_key":"aws","expressions":{"availability_zone":{"constant_value":"us-east-1b"},"cidr_block":{"constant_value":"10.1.1.0/25"},"vpc_id":{"references":["aws_vpc.nondefault"]}},"schema_version":1,"raw_data":{"FileName":"main.tf","StartLine":31,"EndLine":35}},{"address":"aws_vpc.nondefault","mode":"managed","type":"aws_vpc","name":"nondefault","provider_config_key":"aws","expressions":{"cidr_block":{"constant_value":"10.1.1.0/24"}},"schema_version":1,"raw_data":{"FileName":"main.tf","StartLine":2,"EndLine":4}}]}}}
