{"format_version":"0.1","terraform_version":"0.12.29","planned_values":{"root_module":{"resources":[{"address":"aws_cloudwatch_log_destination.test_destination","mode":"managed","type":"aws_cloudwatch_log_destination","name":"test_destination","provider_name":"aws","schema_version":0,"values":{"name":"test_destination","role_arn":"aws_iam_role.iam_for_cloudwatch.arn","target_arn":"aws_kinesis_stream.kinesis_for_cloudwatch.arn"}},{"address":"aws_cloudwatch_log_destination_policy.test_destination_policy","mode":"managed","type":"aws_cloudwatch_log_destination_policy","name":"test_destination_policy","provider_name":"aws","schema_version":0,"values":{"access_policy":"{\n  \"Version\": \"2012-10-17\",\n  \"Statement\": [\n    {\n      \"Sid\": \"\",\n      \"Effect\": \"Allow\",\n      \"Action\": \"logs:*\",\n      \"Principal\": {\n        \"AWS\": \"*\"\n      }\n    }\n  ]\n}","destination_name":"test_destination"}},{"address":"aws_iam_role.iam_for_cloudwatch","mode":"managed","type":"aws_iam_role","name":"iam_for_cloudwatch","provider_name":"aws","schema_version":0,"values":{"assume_role_policy":"{\n  \"Version\": \"2012-10-17\",\n  \"Statement\": [\n    {\n      \"Action\": \"sts:AssumeRole\",\n      \"Principal\": {\n        \"Service\": \"logs.us-east-1.amazonaws.com\"\n      },\n      \"Effect\": \"Allow\",\n      \"Sid\": \"\"\n    }\n  ]\n}\n","description":null,"force_detach_policies":false,"max_session_duration":3600,"name":"iam_for_cloudwatch","name_prefix":null,"path":"/","permissions_boundary":null,"tags":null}},{"address":"aws_iam_role_policy.test_policy","mode":"managed","type":"aws_iam_role_policy","name":"test_policy","provider_name":"aws","schema_version":0,"values":{"name":"test_policy","name_prefix":null,"policy":"{\n  \"Version\": \"2012-10-17\",\n  \"Statement\": [\n    {\n      \"Action\": [\n        \"kinesis:PutRecord\"\n      ],\n      \"Effect\": \"Allow\",\n      \"Resource\": \"aws_kinesis_stream.kinesis_for_cloudwatch.arn\"\n    }\n  ]\n}\n","role":"aws_iam_role.iam_for_cloudwatch.id"}},{"address":"aws_kinesis_stream.kinesis_for_cloudwatch","mode":"managed","type":"aws_kinesis_stream","name":"kinesis_for_cloudwatch","provider_name":"aws","schema_version":1,"values":{"encryption_type":"NONE","enforce_consumer_deletion":false,"kms_key_id":null,"name":"kinesis_for_cloudwatch","retention_period":48,"shard_count":1,"shard_level_metrics":["IncomingBytes","OutgoingBytes"],"tags":null,"timeouts":null}}]}},"resource_changes":[{"address":"aws_cloudwatch_log_destination.test_destination","mode":"managed","type":"aws_cloudwatch_log_destination","name":"test_destination","provider_name":"aws","change":{"actions":["create"],"before":null,"after":{"name":"test_destination","role_arn":"aws_iam_role.iam_for_cloudwatch.arn","target_arn":"aws_kinesis_stream.kinesis_for_cloudwatch.arn"},"after_unknown":{"arn":true,"id":true}}},{"address":"aws_cloudwatch_log_destination_policy.test_destination_policy","mode":"managed","type":"aws_cloudwatch_log_destination_policy","name":"test_destination_policy","provider_name":"aws","change":{"actions":["create"],"before":null,"after":{"access_policy":"{\n  \"Version\": \"2012-10-17\",\n  \"Statement\": [\n    {\n      \"Sid\": \"\",\n      \"Effect\": \"Allow\",\n      \"Action\": \"logs:*\",\n      \"Principal\": {\n        \"AWS\": \"*\"\n      }\n    }\n  ]\n}","destination_name":"test_destination"},"after_unknown":{"id":true}}},{"address":"aws_iam_role.iam_for_cloudwatch","mode":"managed","type":"aws_iam_role","name":"iam_for_cloudwatch","provider_name":"aws","change":{"actions":["create"],"before":null,"after":{"assume_role_policy":"{\n  \"Version\": \"2012-10-17\",\n  \"Statement\": [\n    {\n      \"Action\": \"sts:AssumeRole\",\n      \"Principal\": {\n        \"Service\": \"logs.us-east-1.amazonaws.com\"\n      },\n      \"Effect\": \"Allow\",\n      \"Sid\": \"\"\n    }\n  ]\n}\n","description":null,"force_detach_policies":false,"max_session_duration":3600,"name":"iam_for_cloudwatch","name_prefix":null,"path":"/","permissions_boundary":null,"tags":null},"after_unknown":{"arn":true,"create_date":true,"id":true,"inline_policy":true,"managed_policy_arns":true,"unique_id":true}}},{"address":"aws_iam_role_policy.test_policy","mode":"managed","type":"aws_iam_role_policy","name":"test_policy","provider_name":"aws","change":{"actions":["create"],"before":null,"after":{"name":"test_policy","name_prefix":null,"policy":"{\n  \"Version\": \"2012-10-17\",\n  \"Statement\": [\n    {\n      \"Action\": [\n        \"kinesis:PutRecord\"\n      ],\n      \"Effect\": \"Allow\",\n      \"Resource\": \"aws_kinesis_stream.kinesis_for_cloudwatch.arn\"\n    }\n  ]\n}\n","role":"aws_iam_role.iam_for_cloudwatch.id"},"after_unknown":{"id":true}}},{"address":"aws_kinesis_stream.kinesis_for_cloudwatch","mode":"managed","type":"aws_kinesis_stream","name":"kinesis_for_cloudwatch","provider_name":"aws","change":{"actions":["create"],"before":null,"after":{"encryption_type":"NONE","enforce_consumer_deletion":false,"kms_key_id":null,"name":"kinesis_for_cloudwatch","retention_period":48,"shard_count":1,"shard_level_metrics":["IncomingBytes","OutgoingBytes"],"tags":null,"timeouts":null},"after_unknown":{"arn":true,"id":true,"shard_level_metrics":[false,false]}}}],"prior_state":{"format_version":"0.1","terraform_version":"0.12.29","values":{"root_module":{"resources":[{"address":"data.aws_iam_policy_document.test_destination_policy","mode":"data","type":"aws_iam_policy_document","name":"test_destination_policy","provider_name":"aws","schema_version":0,"values":{"id":"2276471241","json":"{\n  \"Version\": \"2012-10-17\",\n  \"Statement\": [\n    {\n      \"Sid\": \"\",\n      \"Effect\": \"Allow\",\n      \"Action\": \"logs:*\",\n      \"Principal\": {\n        \"AWS\": \"*\"\n      }\n    }\n  ]\n}","override_json":null,"override_policy_documents":null,"policy_id":null,"source_json":null,"source_policy_documents":null,"statement":[{"actions":["logs:*"],"condition":[],"effect":"Allow","not_actions":[],"not_principals":[],"not_resources":[],"principals":[{"identifiers":["*"],"type":"AWS"}],"resources":[],"sid":""}],"version":"2012-10-17"}}]}}},"configuration":{"provider_config":{"aws":{"name":"aws","expressions":{"region":{"constant_value":"us-east-1"}}}},"root_module":{"resources":[{"address":"aws_cloudwatch_log_destination.test_destination","mode":"managed","type":"aws_cloudwatch_log_destination","name":"test_destination","provider_config_key":"aws","expressions":{"name":{"constant_value":"test_destination"},"role_arn":{"references":["aws_iam_role.iam_for_cloudwatch"]},"target_arn":{"references":["aws_kinesis_stream.kinesis_for_cloudwatch"]}},"schema_version":0,"raw_data":{"FileName":"main.tf","StartLine":56,"EndLine":60}},{"address":"aws_cloudwatch_log_destination_policy.test_destination_policy","mode":"managed","type":"aws_cloudwatch_log_destination_policy","name":"test_destination_policy","provider_config_key":"aws","expressions":{"access_policy":{"references":["data.aws_iam_policy_document.test_destination_policy"]},"destination_name":{"references":["aws_cloudwatch_log_destination.test_destination"]}},"schema_version":0,"raw_data":{"FileName":"main.tf","StartLine":79,"EndLine":82}},{"address":"aws_iam_role.iam_for_cloudwatch","mode":"managed","type":"aws_iam_role","name":"iam_for_cloudwatch","provider_config_key":"aws","expressions":{"assume_role_policy":{"constant_value":"{\n  \"Version\": \"2012-10-17\",\n  \"Statement\": [\n    {\n      \"Action\": \"sts:AssumeRole\",\n      \"Principal\": {\n        \"Service\": \"logs.us-east-1.amazonaws.com\"\n      },\n      \"Effect\": \"Allow\",\n      \"Sid\": \"\"\n    }\n  ]\n}\n"},"name":{"constant_value":"iam_for_cloudwatch"}},"schema_version":0,"raw_data":{"FileName":"main.tf","StartLine":25,"EndLine":43}},{"address":"aws_iam_role_policy.test_policy","mode":"managed","type":"aws_iam_role_policy","name":"test_policy","provider_config_key":"aws","expressions":{"name":{"constant_value":"test_policy"},"policy":{"references":["aws_kinesis_stream.kinesis_for_cloudwatch"]},"role":{"references":["aws_iam_role.iam_for_cloudwatch"]}},"schema_version":0,"raw_data":{"FileName":"main.tf","StartLine":5,"EndLine":23}},{"address":"aws_kinesis_stream.kinesis_for_cloudwatch","mode":"managed","type":"aws_kinesis_stream","name":"kinesis_for_cloudwatch","provider_config_key":"aws","expressions":{"name":{"constant_value":"kinesis_for_cloudwatch"},"retention_period":{"constant_value":48},"shard_count":{"constant_value":1},"shard_level_metrics":{"constant_value":["IncomingBytes","OutgoingBytes"]}},"schema_version":1,"raw_data":{"FileName":"main.tf","StartLine":45,"EndLine":54}},{"address":"data.aws_iam_policy_document.test_destination_policy","mode":"data","type":"aws_iam_policy_document","name":"test_destination_policy","provider_config_key":"aws","expressions":{"statement":[{"actions":{"constant_value":["logs:*"]},"effect":{"constant_value":"Allow"},"principals":[{"identifiers":{"constant_value":["*"]},"type":{"constant_value":"AWS"}}]}]},"schema_version":0,"raw_data":{"FileName":"main.tf","StartLine":62,"EndLine":77}}]}}}
