{"format_version":"0.1","terraform_version":"0.13.4","planned_values":{"root_module":{"resources":[{"address":"aws_dynamodb_table.test","mode":"managed","type":"aws_dynamodb_table","name":"test","provider_name":"registry.terraform.io/hashicorp/aws","schema_version":1,"values":{"attribute":[{"name":"UserId","type":"S"}],"billing_mode":"PROVISIONED","global_secondary_index":[],"hash_key":"UserId","local_secondary_index":[],"name":"cloudrail-test","point_in_time_recovery":[],"range_key":null,"read_capacity":1,"replica":[],"server_side_encryption":[{"enabled":true,"kms_key_arn":"arn:aws:kms:us-east-1:115553109071:key/6c6adfe2-e73e-4a2d-b456-c46d6ebe3e8e"}],"stream_enabled":null,"tags":null,"timeouts":null,"ttl":[],"write_capacity":1}}]}},"resource_changes":[{"address":"aws_dynamodb_table.test","mode":"managed","type":"aws_dynamodb_table","name":"test","provider_name":"registry.terraform.io/hashicorp/aws","change":{"actions":["create"],"before":null,"after":{"attribute":[{"name":"UserId","type":"S"}],"billing_mode":"PROVISIONED","global_secondary_index":[],"hash_key":"UserId","local_secondary_index":[],"name":"cloudrail-test","point_in_time_recovery":[],"range_key":null,"read_capacity":1,"replica":[],"server_side_encryption":[{"enabled":true,"kms_key_arn":"arn:aws:kms:us-east-1:115553109071:key/6c6adfe2-e73e-4a2d-b456-c46d6ebe3e8e"}],"stream_enabled":null,"tags":null,"timeouts":null,"ttl":[],"write_capacity":1},"after_unknown":{"arn":true,"attribute":[{}],"global_secondary_index":[],"id":true,"local_secondary_index":[],"point_in_time_recovery":[],"replica":[],"server_side_encryption":[{}],"stream_arn":true,"stream_label":true,"stream_view_type":true,"tags_all":true,"ttl":[]}}}],"prior_state":{"format_version":"0.1","terraform_version":"0.13.4","values":{"root_module":{"resources":[{"address":"data.aws_kms_key.by_alias","mode":"data","type":"aws_kms_key","name":"by_alias","provider_name":"registry.terraform.io/hashicorp/aws","schema_version":0,"values":{"arn":"arn:aws:kms:us-east-1:115553109071:key/6c6adfe2-e73e-4a2d-b456-c46d6ebe3e8e","aws_account_id":"115553109071","creation_date":"2021-05-23T13:28:22Z","customer_master_key_spec":"SYMMETRIC_DEFAULT","deletion_date":null,"description":"Default master key that protects my DynamoDB data when no other key is defined","enabled":true,"expiration_model":"","grant_tokens":null,"id":"6c6adfe2-e73e-4a2d-b456-c46d6ebe3e8e","key_id":"alias/aws/dynamodb","key_manager":"AWS","key_state":"Enabled","key_usage":"ENCRYPT_DECRYPT","origin":"AWS_KMS","valid_to":null}}]}}},"configuration":{"provider_config":{"aws":{"name":"aws","expressions":{"region":{"constant_value":"us-east-1"}}}},"root_module":{"resources":[{"address":"aws_dynamodb_table.test","mode":"managed","type":"aws_dynamodb_table","name":"test","provider_config_key":"aws","expressions":{"attribute":[{"name":{"constant_value":"UserId"},"type":{"constant_value":"S"}}],"hash_key":{"constant_value":"UserId"},"name":{"constant_value":"cloudrail-test"},"read_capacity":{"constant_value":1},"server_side_encryption":[{"enabled":{"constant_value":true},"kms_key_arn":{"references":["data.aws_kms_key.by_alias"]}}],"write_capacity":{"constant_value":1}},"schema_version":1,"raw_data":{"FileName":"main.tf","StartLine":6,"EndLine":21}},{"address":"data.aws_kms_key.by_alias","mode":"data","type":"aws_kms_key","name":"by_alias","provider_config_key":"aws","expressions":{"key_id":{"constant_value":"alias/aws/dynamodb"}},"schema_version":0,"raw_data":{"FileName":"main.tf","StartLine":2,"EndLine":4}}]}}}
