{"format_version":"0.1","terraform_version":"0.13.4","planned_values":{"root_module":{"resources":[{"address":"aws_default_subnet.def1","mode":"managed","type":"aws_default_subnet","name":"def1","provider_name":"registry.terraform.io/hashicorp/aws","schema_version":1,"values":{"availability_zone":"us-east-1a","customer_owned_ipv4_pool":null,"map_customer_owned_ip_on_launch":null,"outpost_arn":null,"tags":null,"timeouts":null}},{"address":"aws_default_subnet.def2","mode":"managed","type":"aws_default_subnet","name":"def2","provider_name":"registry.terraform.io/hashicorp/aws","schema_version":1,"values":{"availability_zone":"us-east-1b","customer_owned_ipv4_pool":null,"map_customer_owned_ip_on_launch":null,"outpost_arn":null,"tags":null,"timeouts":null}},{"address":"aws_eks_cluster.test","mode":"managed","type":"aws_eks_cluster","name":"test","provider_name":"registry.terraform.io/hashicorp/aws","schema_version":0,"values":{"enabled_cluster_log_types":null,"encryption_config":[],"kubernetes_network_config":[],"name":"test","role_arn":"aws_iam_role.eks-cluster-role.arn","tags":null,"timeouts":null,"vpc_config":[{"cluster_security_group_id":null,"endpoint_private_access":null,"endpoint_public_access":null,"public_access_cidrs":null,"security_group_ids":null,"subnet_ids":["aws_default_subnet.def1.id","aws_default_subnet.def2.id"],"vpc_id":null}]}},{"address":"aws_iam_role.eks-cluster-role","mode":"managed","type":"aws_iam_role","name":"eks-cluster-role","provider_name":"registry.terraform.io/hashicorp/aws","schema_version":0,"values":{"assume_role_policy":"{\n  \"Version\": \"2012-10-17\",\n  \"Statement\": [\n    {\n      \"Effect\": \"Allow\",\n      \"Principal\": {\n        \"Service\": \"eks.amazonaws.com\"\n      },\n      \"Action\": \"sts:AssumeRole\"\n    }\n  ]\n}\n","description":null,"force_detach_policies":false,"inline_policy":[],"max_session_duration":3600,"name":"eks-cluster-role","name_prefix":null,"path":"/","permissions_boundary":null,"tags":null}},{"address":"aws_iam_role_policy_attachment.attach-eks-policy-to-eks-cluster-role","mode":"managed","type":"aws_iam_role_policy_attachment","name":"attach-eks-policy-to-eks-cluster-role","provider_name":"registry.terraform.io/hashicorp/aws","schema_version":0,"values":{"policy_arn":"arn:aws:iam::aws:policy/AmazonEKSClusterPolicy","role":"eks-cluster-role"}}]}},"resource_changes":[{"address":"aws_default_subnet.def1","mode":"managed","type":"aws_default_subnet","name":"def1","provider_name":"registry.terraform.io/hashicorp/aws","change":{"actions":["create"],"before":null,"after":{"availability_zone":"us-east-1a","customer_owned_ipv4_pool":null,"map_customer_owned_ip_on_launch":null,"outpost_arn":null,"tags":null,"timeouts":null},"after_unknown":{"arn":true,"assign_ipv6_address_on_creation":true,"availability_zone_id":true,"cidr_block":true,"id":true,"ipv6_cidr_block":true,"ipv6_cidr_block_association_id":true,"map_public_ip_on_launch":true,"owner_id":true,"tags_all":true,"vpc_id":true}}},{"address":"aws_default_subnet.def2","mode":"managed","type":"aws_default_subnet","name":"def2","provider_name":"registry.terraform.io/hashicorp/aws","change":{"actions":["create"],"before":null,"after":{"availability_zone":"us-east-1b","customer_owned_ipv4_pool":null,"map_customer_owned_ip_on_launch":null,"outpost_arn":null,"tags":null,"timeouts":null},"after_unknown":{"arn":true,"assign_ipv6_address_on_creation":true,"availability_zone_id":true,"cidr_block":true,"id":true,"ipv6_cidr_block":true,"ipv6_cidr_block_association_id":true,"map_public_ip_on_launch":true,"owner_id":true,"tags_all":true,"vpc_id":true}}},{"address":"aws_eks_cluster.test","mode":"managed","type":"aws_eks_cluster","name":"test","provider_name":"registry.terraform.io/hashicorp/aws","change":{"actions":["create"],"before":null,"after":{"enabled_cluster_log_types":null,"encryption_config":[],"kubernetes_network_config":[],"name":"test","role_arn":"aws_iam_role.eks-cluster-role.arn","tags":null,"timeouts":null,"vpc_config":[{"cluster_security_group_id":null,"endpoint_private_access":null,"endpoint_public_access":null,"public_access_cidrs":null,"security_group_ids":null,"subnet_ids":["aws_default_subnet.def1.id","aws_default_subnet.def2.id"],"vpc_id":null}]},"after_unknown":{"arn":true,"certificate_authority":true,"created_at":true,"encryption_config":[],"endpoint":true,"id":true,"identity":true,"kubernetes_network_config":[],"platform_version":true,"status":true,"tags_all":true,"version":true,"vpc_config":[{"subnet_ids":[false,false]}]}}},{"address":"aws_iam_role.eks-cluster-role","mode":"managed","type":"aws_iam_role","name":"eks-cluster-role","provider_name":"registry.terraform.io/hashicorp/aws","change":{"actions":["create"],"before":null,"after":{"assume_role_policy":"{\n  \"Version\": \"2012-10-17\",\n  \"Statement\": [\n    {\n      \"Effect\": \"Allow\",\n      \"Principal\": {\n        \"Service\": \"eks.amazonaws.com\"\n      },\n      \"Action\": \"sts:AssumeRole\"\n    }\n  ]\n}\n","description":null,"force_detach_policies":false,"inline_policy":[],"max_session_duration":3600,"name":"eks-cluster-role","name_prefix":null,"path":"/","permissions_boundary":null,"tags":null},"after_unknown":{"arn":true,"create_date":true,"id":true,"inline_policy":[],"managed_policy_arns":true,"tags_all":true,"unique_id":true}}},{"address":"aws_iam_role_policy_attachment.attach-eks-policy-to-eks-cluster-role","mode":"managed","type":"aws_iam_role_policy_attachment","name":"attach-eks-policy-to-eks-cluster-role","provider_name":"registry.terraform.io/hashicorp/aws","change":{"actions":["create"],"before":null,"after":{"policy_arn":"arn:aws:iam::aws:policy/AmazonEKSClusterPolicy","role":"eks-cluster-role"},"after_unknown":{"id":true}}}],"configuration":{"provider_config":{"aws":{"name":"aws","expressions":{"region":{"constant_value":"us-east-1"}}}},"root_module":{"resources":[{"address":"aws_default_subnet.def1","mode":"managed","type":"aws_default_subnet","name":"def1","provider_config_key":"aws","expressions":{"availability_zone":{"constant_value":"us-east-1a"}},"schema_version":1,"raw_data":{"FileName":"main.tf","StartLine":2,"EndLine":4}},{"address":"aws_default_subnet.def2","mode":"managed","type":"aws_default_subnet","name":"def2","provider_config_key":"aws","expressions":{"availability_zone":{"constant_value":"us-east-1b"}},"schema_version":1,"raw_data":{"FileName":"main.tf","StartLine":6,"EndLine":8}},{"address":"aws_eks_cluster.test","mode":"managed","type":"aws_eks_cluster","name":"test","provider_config_key":"aws","expressions":{"name":{"constant_value":"test"},"role_arn":{"references":["aws_iam_role.eks-cluster-role"]},"vpc_config":[{"subnet_ids":{"references":["aws_default_subnet.def1","aws_default_subnet.def2"]}}]},"schema_version":0,"raw_data":{"FileName":"main.tf","StartLine":10,"EndLine":16}},{"address":"aws_iam_role.eks-cluster-role","mode":"managed","type":"aws_iam_role","name":"eks-cluster-role","provider_config_key":"aws","expressions":{"assume_role_policy":{"constant_value":"{\n  \"Version\": \"2012-10-17\",\n  \"Statement\": [\n    {\n      \"Effect\": \"Allow\",\n      \"Principal\": {\n        \"Service\": \"eks.amazonaws.com\"\n      },\n      \"Action\": \"sts:AssumeRole\"\n    }\n  ]\n}\n"},"name":{"constant_value":"eks-cluster-role"}},"schema_version":0,"raw_data":{"FileName":"main.tf","StartLine":18,"EndLine":35}},{"address":"aws_iam_role_policy_attachment.attach-eks-policy-to-eks-cluster-role","mode":"managed","type":"aws_iam_role_policy_attachment","name":"attach-eks-policy-to-eks-cluster-role","provider_config_key":"aws","expressions":{"policy_arn":{"constant_value":"arn:aws:iam::aws:policy/AmazonEKSClusterPolicy"},"role":{"references":["aws_iam_role.eks-cluster-role"]}},"schema_version":0,"raw_data":{"FileName":"main.tf","StartLine":37,"EndLine":40}}]}}}
