{"format_version":"0.1","terraform_version":"0.12.29","variables":{"availability_zone":{"value":""},"custom-tags":{"value":{}},"dc_ami":{"value":""},"external_dns_servers":{"value":["8.8.8.8"]},"instance_name_prefix":{"value":""},"ip_whitelist":{"value":["133.0.0.0/24"]},"logger_ami":{"value":""},"private_key_path":{"value":"/home/username/.ssh/id_logger"},"profile":{"value":"terraform"},"public_key_name":{"value":"id_logger"},"public_key_path":{"value":"id_logger.pub"},"region":{"value":"us-west-1"},"shared_credentials_file":{"value":"/home/username/.aws/credentials"},"wef_ami":{"value":""},"win10_ami":{"value":""}},"planned_values":{"outputs":{"ata_url":{"sensitive":false,"value":"https://aws_instance.wef.public_ip"},"dc_public_ip":{"sensitive":false,"value":"aws_instance.dc.public_ip"},"fleet_url":{"sensitive":false,"value":"https://aws_instance.logger.public_ip:8412"},"guacamole_url":{"sensitive":false,"value":"http://aws_instance.logger.public_ip:8080/guacamole"},"logger_public_ip":{"sensitive":false,"value":"aws_instance.logger.public_ip"},"region":{"sensitive":false,"value":"us-west-1"},"splunk_url":{"sensitive":false,"value":"https://aws_instance.logger.public_ip:8000"},"velociraptor_url":{"sensitive":false,"value":"https://aws_instance.logger.public_ip:9999"},"wef_public_ip":{"sensitive":false,"value":"aws_instance.wef.public_ip"},"win10_public_ip":{"sensitive":false,"value":"aws_instance.win10.public_ip"}},"root_module":{"resources":[{"address":"aws_instance.dc","mode":"managed","type":"aws_instance","name":"dc","provider_name":"aws","schema_version":1,"values":{"ami":"ami-0b06d29e772c8cbca","credit_specification":[],"disable_api_termination":null,"ebs_optimized":null,"get_password_data":false,"hibernation":null,"iam_instance_profile":null,"instance_initiated_shutdown_behavior":null,"instance_type":"t3.medium","monitoring":null,"private_ip":"192.168.38.102","root_block_device":[{"delete_on_termination":true,"tags":null}],"source_dest_check":true,"subnet_id":"aws_subnet.default.id","tags":{"Name":"dc.windomain.local"},"timeouts":null,"user_data":null,"user_data_base64":null,"volume_tags":null,"vpc_security_group_ids":["aws_security_group.windows.id"]}},{"address":"aws_instance.logger","mode":"managed","type":"aws_instance","name":"logger","provider_name":"aws","schema_version":1,"values":{"ami":"ami-0f42d8c4eb586ccf7","credit_specification":[],"disable_api_termination":null,"ebs_optimized":null,"get_password_data":false,"hibernation":null,"iam_instance_profile":null,"instance_initiated_shutdown_behavior":null,"instance_type":"t3.medium","key_name":"id_logger","monitoring":null,"private_ip":"192.168.38.105","root_block_device":[{"delete_on_termination":true,"tags":null,"volume_size":64}],"source_dest_check":true,"subnet_id":"aws_subnet.default.id","tags":{"Name":"logger"},"timeouts":null,"user_data":null,"user_data_base64":null,"volume_tags":null,"vpc_security_group_ids":["aws_security_group.logger.id"]}},{"address":"aws_instance.wef","mode":"managed","type":"aws_instance","name":"wef","provider_name":"aws","schema_version":1,"values":{"ami":"ami-02dfefa1b0767040c","credit_specification":[],"disable_api_termination":null,"ebs_optimized":null,"get_password_data":false,"hibernation":null,"iam_instance_profile":null,"instance_initiated_shutdown_behavior":null,"instance_type":"t3.medium","monitoring":null,"private_ip":"192.168.38.103","root_block_device":[{"delete_on_termination":true,"tags":null}],"source_dest_check":true,"subnet_id":"aws_subnet.default.id","tags":{"Name":"wef.windomain.local"},"timeouts":null,"user_data":null,"user_data_base64":null,"volume_tags":null,"vpc_security_group_ids":["aws_security_group.windows.id"]}},{"address":"aws_instance.win10","mode":"managed","type":"aws_instance","name":"win10","provider_name":"aws","schema_version":1,"values":{"ami":"ami-08fe9fc13a1d26909","credit_specification":[],"disable_api_termination":null,"ebs_optimized":null,"get_password_data":false,"hibernation":null,"iam_instance_profile":null,"instance_initiated_shutdown_behavior":null,"instance_type":"t2.medium","monitoring":null,"private_ip":"192.168.38.104","root_block_device":[{"delete_on_termination":true,"tags":null}],"source_dest_check":true,"subnet_id":"aws_subnet.default.id","tags":{"Name":"win10.windomain.local"},"timeouts":null,"user_data":null,"user_data_base64":null,"volume_tags":null,"vpc_security_group_ids":["aws_security_group.windows.id"]}},{"address":"aws_internet_gateway.default","mode":"managed","type":"aws_internet_gateway","name":"default","provider_name":"aws","schema_version":0,"values":{"tags":null,"vpc_id":"aws_vpc.default.id"}},{"address":"aws_key_pair.auth","mode":"managed","type":"aws_key_pair","name":"auth","provider_name":"aws","schema_version":1,"values":{"key_name":"id_logger","key_name_prefix":null,"public_key":"","tags":null}},{"address":"aws_route.internet_access","mode":"managed","type":"aws_route","name":"internet_access","provider_name":"aws","schema_version":0,"values":{"destination_cidr_block":"0.0.0.0/0","destination_ipv6_cidr_block":null,"gateway_id":"aws_internet_gateway.default.id","route_table_id":"aws_vpc.default.main_route_table_id","timeouts":null,"transit_gateway_id":null,"vpc_endpoint_id":null,"vpc_peering_connection_id":null}},{"address":"aws_security_group.logger","mode":"managed","type":"aws_security_group","name":"logger","provider_name":"aws","schema_version":1,"values":{"description":"DetectionLab: Security Group for the logger host","egress":[{"cidr_blocks":["0.0.0.0/0"],"description":"","from_port":0,"ipv6_cidr_blocks":[],"prefix_list_ids":[],"protocol":"-1","security_groups":[],"self":false,"to_port":0}],"ingress":[{"cidr_blocks":["133.0.0.0/24"],"description":"","from_port":22,"ipv6_cidr_blocks":[],"prefix_list_ids":[],"protocol":"tcp","security_groups":[],"self":false,"to_port":22},{"cidr_blocks":["133.0.0.0/24"],"description":"","from_port":8000,"ipv6_cidr_blocks":[],"prefix_list_ids":[],"protocol":"tcp","security_groups":[],"self":false,"to_port":8000},{"cidr_blocks":["133.0.0.0/24"],"description":"","from_port":8080,"ipv6_cidr_blocks":[],"prefix_list_ids":[],"protocol":"tcp","security_groups":[],"self":false,"to_port":8080},{"cidr_blocks":["133.0.0.0/24"],"description":"","from_port":8412,"ipv6_cidr_blocks":[],"prefix_list_ids":[],"protocol":"tcp","security_groups":[],"self":false,"to_port":8412},{"cidr_blocks":["133.0.0.0/24"],"description":"","from_port":8443,"ipv6_cidr_blocks":[],"prefix_list_ids":[],"protocol":"tcp","security_groups":[],"self":false,"to_port":8443},{"cidr_blocks":["133.0.0.0/24"],"description":"","from_port":9999,"ipv6_cidr_blocks":[],"prefix_list_ids":[],"protocol":"tcp","security_groups":[],"self":false,"to_port":9999},{"cidr_blocks":["192.168.38.0/24"],"description":"","from_port":0,"ipv6_cidr_blocks":[],"prefix_list_ids":[],"protocol":"-1","security_groups":[],"self":false,"to_port":0}],"name":"logger_security_group","name_prefix":null,"revoke_rules_on_delete":false,"tags":null,"timeouts":null,"vpc_id":"aws_vpc.default.id"}},{"address":"aws_security_group.windows","mode":"managed","type":"aws_security_group","name":"windows","provider_name":"aws","schema_version":1,"values":{"description":"DetectionLab: Security group for the Windows hosts","egress":[{"cidr_blocks":["0.0.0.0/0"],"description":"","from_port":0,"ipv6_cidr_blocks":[],"prefix_list_ids":[],"protocol":"-1","security_groups":[],"self":false,"to_port":0}],"ingress":[{"cidr_blocks":["133.0.0.0/24"],"description":"","from_port":3389,"ipv6_cidr_blocks":[],"prefix_list_ids":[],"protocol":"tcp","security_groups":[],"self":false,"to_port":3389},{"cidr_blocks":["133.0.0.0/24"],"description":"","from_port":443,"ipv6_cidr_blocks":[],"prefix_list_ids":[],"protocol":"tcp","security_groups":[],"self":false,"to_port":443},{"cidr_blocks":["133.0.0.0/24"],"description":"","from_port":5985,"ipv6_cidr_blocks":[],"prefix_list_ids":[],"protocol":"tcp","security_groups":[],"self":false,"to_port":5986},{"cidr_blocks":["192.168.38.0/24"],"description":"","from_port":0,"ipv6_cidr_blocks":[],"prefix_list_ids":[],"protocol":"-1","security_groups":[],"self":false,"to_port":0}],"name":"windows_security_group","name_prefix":null,"revoke_rules_on_delete":false,"tags":null,"timeouts":null,"vpc_id":"aws_vpc.default.id"}},{"address":"aws_subnet.default","mode":"managed","type":"aws_subnet","name":"default","provider_name":"aws","schema_version":1,"values":{"assign_ipv6_address_on_creation":false,"cidr_block":"192.168.38.0/24","ipv6_cidr_block":null,"map_public_ip_on_launch":true,"outpost_arn":null,"tags":null,"timeouts":null,"vpc_id":"aws_vpc.default.id"}},{"address":"aws_vpc.default","mode":"managed","type":"aws_vpc","name":"default","provider_name":"aws","schema_version":1,"values":{"assign_generated_ipv6_cidr_block":false,"cidr_block":"192.168.0.0/16","enable_dns_support":true,"instance_tenancy":"default","tags":null}},{"address":"aws_vpc_dhcp_options.default","mode":"managed","type":"aws_vpc_dhcp_options","name":"default","provider_name":"aws","schema_version":0,"values":{"domain_name":"windomain.local","domain_name_servers":["192.168.38.102","8.8.8.8"],"netbios_name_servers":["192.168.38.102"],"netbios_node_type":null,"ntp_servers":null,"tags":null}},{"address":"aws_vpc_dhcp_options_association.default","mode":"managed","type":"aws_vpc_dhcp_options_association","name":"default","provider_name":"aws","schema_version":0,"values":{"dhcp_options_id":"aws_vpc_dhcp_options.default.id","vpc_id":"aws_vpc.default.id"}}]}},"resource_changes":[{"address":"aws_instance.dc","mode":"managed","type":"aws_instance","name":"dc","provider_name":"aws","change":{"actions":["create"],"before":null,"after":{"ami":"ami-0b06d29e772c8cbca","credit_specification":[],"disable_api_termination":null,"ebs_optimized":null,"get_password_data":false,"hibernation":null,"iam_instance_profile":null,"instance_initiated_shutdown_behavior":null,"instance_type":"t3.medium","monitoring":null,"private_ip":"192.168.38.102","root_block_device":[{"delete_on_termination":true,"tags":null}],"source_dest_check":true,"subnet_id":"aws_subnet.default.id","tags":{"Name":"dc.windomain.local"},"timeouts":null,"user_data":null,"user_data_base64":null,"volume_tags":null,"vpc_security_group_ids":["aws_security_group.windows.id"]},"after_unknown":{"arn":true,"associate_public_ip_address":true,"availability_zone":true,"cpu_core_count":true,"cpu_threads_per_core":true,"credit_specification":[],"ebs_block_device":true,"enclave_options":true,"ephemeral_block_device":true,"host_id":true,"id":true,"instance_state":true,"ipv6_address_count":true,"ipv6_addresses":true,"key_name":true,"metadata_options":true,"network_interface":true,"outpost_arn":true,"password_data":true,"placement_group":true,"primary_network_interface_id":true,"private_dns":true,"public_dns":true,"public_ip":true,"root_block_device":[{"device_name":true,"encrypted":true,"iops":true,"kms_key_id":true,"throughput":true,"volume_id":true,"volume_size":true,"volume_type":true}],"secondary_private_ips":true,"security_groups":true,"tags":{},"tenancy":true,"vpc_security_group_ids":[false]}}},{"address":"aws_instance.logger","mode":"managed","type":"aws_instance","name":"logger","provider_name":"aws","change":{"actions":["create"],"before":null,"after":{"ami":"ami-0f42d8c4eb586ccf7","credit_specification":[],"disable_api_termination":null,"ebs_optimized":null,"get_password_data":false,"hibernation":null,"iam_instance_profile":null,"instance_initiated_shutdown_behavior":null,"instance_type":"t3.medium","key_name":"id_logger","monitoring":null,"private_ip":"192.168.38.105","root_block_device":[{"delete_on_termination":true,"tags":null,"volume_size":64}],"source_dest_check":true,"subnet_id":"aws_subnet.default.id","tags":{"Name":"logger"},"timeouts":null,"user_data":null,"user_data_base64":null,"volume_tags":null,"vpc_security_group_ids":["aws_security_group.logger.id"]},"after_unknown":{"arn":true,"associate_public_ip_address":true,"availability_zone":true,"cpu_core_count":true,"cpu_threads_per_core":true,"credit_specification":[],"ebs_block_device":true,"enclave_options":true,"ephemeral_block_device":true,"host_id":true,"id":true,"instance_state":true,"ipv6_address_count":true,"ipv6_addresses":true,"metadata_options":true,"network_interface":true,"outpost_arn":true,"password_data":true,"placement_group":true,"primary_network_interface_id":true,"private_dns":true,"public_dns":true,"public_ip":true,"root_block_device":[{"device_name":true,"encrypted":true,"iops":true,"kms_key_id":true,"throughput":true,"volume_id":true,"volume_type":true}],"secondary_private_ips":true,"security_groups":true,"tags":{},"tenancy":true,"vpc_security_group_ids":[false]}}},{"address":"aws_instance.wef","mode":"managed","type":"aws_instance","name":"wef","provider_name":"aws","change":{"actions":["create"],"before":null,"after":{"ami":"ami-02dfefa1b0767040c","credit_specification":[],"disable_api_termination":null,"ebs_optimized":null,"get_password_data":false,"hibernation":null,"iam_instance_profile":null,"instance_initiated_shutdown_behavior":null,"instance_type":"t3.medium","monitoring":null,"private_ip":"192.168.38.103","root_block_device":[{"delete_on_termination":true,"tags":null}],"source_dest_check":true,"subnet_id":"aws_subnet.default.id","tags":{"Name":"wef.windomain.local"},"timeouts":null,"user_data":null,"user_data_base64":null,"volume_tags":null,"vpc_security_group_ids":["aws_security_group.windows.id"]},"after_unknown":{"arn":true,"associate_public_ip_address":true,"availability_zone":true,"cpu_core_count":true,"cpu_threads_per_core":true,"credit_specification":[],"ebs_block_device":true,"enclave_options":true,"ephemeral_block_device":true,"host_id":true,"id":true,"instance_state":true,"ipv6_address_count":true,"ipv6_addresses":true,"key_name":true,"metadata_options":true,"network_interface":true,"outpost_arn":true,"password_data":true,"placement_group":true,"primary_network_interface_id":true,"private_dns":true,"public_dns":true,"public_ip":true,"root_block_device":[{"device_name":true,"encrypted":true,"iops":true,"kms_key_id":true,"throughput":true,"volume_id":true,"volume_size":true,"volume_type":true}],"secondary_private_ips":true,"security_groups":true,"tags":{},"tenancy":true,"vpc_security_group_ids":[false]}}},{"address":"aws_instance.win10","mode":"managed","type":"aws_instance","name":"win10","provider_name":"aws","change":{"actions":["create"],"before":null,"after":{"ami":"ami-08fe9fc13a1d26909","credit_specification":[],"disable_api_termination":null,"ebs_optimized":null,"get_password_data":false,"hibernation":null,"iam_instance_profile":null,"instance_initiated_shutdown_behavior":null,"instance_type":"t2.medium","monitoring":null,"private_ip":"192.168.38.104","root_block_device":[{"delete_on_termination":true,"tags":null}],"source_dest_check":true,"subnet_id":"aws_subnet.default.id","tags":{"Name":"win10.windomain.local"},"timeouts":null,"user_data":null,"user_data_base64":null,"volume_tags":null,"vpc_security_group_ids":["aws_security_group.windows.id"]},"after_unknown":{"arn":true,"associate_public_ip_address":true,"availability_zone":true,"cpu_core_count":true,"cpu_threads_per_core":true,"credit_specification":[],"ebs_block_device":true,"enclave_options":true,"ephemeral_block_device":true,"host_id":true,"id":true,"instance_state":true,"ipv6_address_count":true,"ipv6_addresses":true,"key_name":true,"metadata_options":true,"network_interface":true,"outpost_arn":true,"password_data":true,"placement_group":true,"primary_network_interface_id":true,"private_dns":true,"public_dns":true,"public_ip":true,"root_block_device":[{"device_name":true,"encrypted":true,"iops":true,"kms_key_id":true,"throughput":true,"volume_id":true,"volume_size":true,"volume_type":true}],"secondary_private_ips":true,"security_groups":true,"tags":{},"tenancy":true,"vpc_security_group_ids":[false]}}},{"address":"aws_internet_gateway.default","mode":"managed","type":"aws_internet_gateway","name":"default","provider_name":"aws","change":{"actions":["create"],"before":null,"after":{"tags":null,"vpc_id":"aws_vpc.default.id"},"after_unknown":{"arn":true,"id":true,"owner_id":true}}},{"address":"aws_key_pair.auth","mode":"managed","type":"aws_key_pair","name":"auth","provider_name":"aws","change":{"actions":["create"],"before":null,"after":{"key_name":"id_logger","key_name_prefix":null,"public_key":"","tags":null},"after_unknown":{"arn":true,"fingerprint":true,"id":true,"key_pair_id":true}}},{"address":"aws_route.internet_access","mode":"managed","type":"aws_route","name":"internet_access","provider_name":"aws","change":{"actions":["create"],"before":null,"after":{"destination_cidr_block":"0.0.0.0/0","destination_ipv6_cidr_block":null,"gateway_id":"aws_internet_gateway.default.id","route_table_id":"aws_vpc.default.main_route_table_id","timeouts":null,"transit_gateway_id":null,"vpc_endpoint_id":null,"vpc_peering_connection_id":null},"after_unknown":{"destination_prefix_list_id":true,"egress_only_gateway_id":true,"id":true,"instance_id":true,"instance_owner_id":true,"local_gateway_id":true,"nat_gateway_id":true,"network_interface_id":true,"origin":true,"state":true}}},{"address":"aws_security_group.logger","mode":"managed","type":"aws_security_group","name":"logger","provider_name":"aws","change":{"actions":["create"],"before":null,"after":{"description":"DetectionLab: Security Group for the logger host","egress":[{"cidr_blocks":["0.0.0.0/0"],"description":"","from_port":0,"ipv6_cidr_blocks":[],"prefix_list_ids":[],"protocol":"-1","security_groups":[],"self":false,"to_port":0}],"ingress":[{"cidr_blocks":["133.0.0.0/24"],"description":"","from_port":22,"ipv6_cidr_blocks":[],"prefix_list_ids":[],"protocol":"tcp","security_groups":[],"self":false,"to_port":22},{"cidr_blocks":["133.0.0.0/24"],"description":"","from_port":8000,"ipv6_cidr_blocks":[],"prefix_list_ids":[],"protocol":"tcp","security_groups":[],"self":false,"to_port":8000},{"cidr_blocks":["133.0.0.0/24"],"description":"","from_port":8080,"ipv6_cidr_blocks":[],"prefix_list_ids":[],"protocol":"tcp","security_groups":[],"self":false,"to_port":8080},{"cidr_blocks":["133.0.0.0/24"],"description":"","from_port":8412,"ipv6_cidr_blocks":[],"prefix_list_ids":[],"protocol":"tcp","security_groups":[],"self":false,"to_port":8412},{"cidr_blocks":["133.0.0.0/24"],"description":"","from_port":8443,"ipv6_cidr_blocks":[],"prefix_list_ids":[],"protocol":"tcp","security_groups":[],"self":false,"to_port":8443},{"cidr_blocks":["133.0.0.0/24"],"description":"","from_port":9999,"ipv6_cidr_blocks":[],"prefix_list_ids":[],"protocol":"tcp","security_groups":[],"self":false,"to_port":9999},{"cidr_blocks":["192.168.38.0/24"],"description":"","from_port":0,"ipv6_cidr_blocks":[],"prefix_list_ids":[],"protocol":"-1","security_groups":[],"self":false,"to_port":0}],"name":"logger_security_group","name_prefix":null,"revoke_rules_on_delete":false,"tags":null,"timeouts":null,"vpc_id":"aws_vpc.default.id"},"after_unknown":{"arn":true,"egress":[{"cidr_blocks":[false],"ipv6_cidr_blocks":[],"prefix_list_ids":[],"security_groups":[]}],"id":true,"ingress":[{"cidr_blocks":[false],"ipv6_cidr_blocks":[],"prefix_list_ids":[],"security_groups":[]},{"cidr_blocks":[false],"ipv6_cidr_blocks":[],"prefix_list_ids":[],"security_groups":[]},{"cidr_blocks":[false],"ipv6_cidr_blocks":[],"prefix_list_ids":[],"security_groups":[]},{"cidr_blocks":[false],"ipv6_cidr_blocks":[],"prefix_list_ids":[],"security_groups":[]},{"cidr_blocks":[false],"ipv6_cidr_blocks":[],"prefix_list_ids":[],"security_groups":[]},{"cidr_blocks":[false],"ipv6_cidr_blocks":[],"prefix_list_ids":[],"security_groups":[]},{"cidr_blocks":[false],"ipv6_cidr_blocks":[],"prefix_list_ids":[],"security_groups":[]}],"owner_id":true}}},{"address":"aws_security_group.windows","mode":"managed","type":"aws_security_group","name":"windows","provider_name":"aws","change":{"actions":["create"],"before":null,"after":{"description":"DetectionLab: Security group for the Windows hosts","egress":[{"cidr_blocks":["0.0.0.0/0"],"description":"","from_port":0,"ipv6_cidr_blocks":[],"prefix_list_ids":[],"protocol":"-1","security_groups":[],"self":false,"to_port":0}],"ingress":[{"cidr_blocks":["133.0.0.0/24"],"description":"","from_port":3389,"ipv6_cidr_blocks":[],"prefix_list_ids":[],"protocol":"tcp","security_groups":[],"self":false,"to_port":3389},{"cidr_blocks":["133.0.0.0/24"],"description":"","from_port":443,"ipv6_cidr_blocks":[],"prefix_list_ids":[],"protocol":"tcp","security_groups":[],"self":false,"to_port":443},{"cidr_blocks":["133.0.0.0/24"],"description":"","from_port":5985,"ipv6_cidr_blocks":[],"prefix_list_ids":[],"protocol":"tcp","security_groups":[],"self":false,"to_port":5986},{"cidr_blocks":["192.168.38.0/24"],"description":"","from_port":0,"ipv6_cidr_blocks":[],"prefix_list_ids":[],"protocol":"-1","security_groups":[],"self":false,"to_port":0}],"name":"windows_security_group","name_prefix":null,"revoke_rules_on_delete":false,"tags":null,"timeouts":null,"vpc_id":"aws_vpc.default.id"},"after_unknown":{"arn":true,"egress":[{"cidr_blocks":[false],"ipv6_cidr_blocks":[],"prefix_list_ids":[],"security_groups":[]}],"id":true,"ingress":[{"cidr_blocks":[false],"ipv6_cidr_blocks":[],"prefix_list_ids":[],"security_groups":[]},{"cidr_blocks":[false],"ipv6_cidr_blocks":[],"prefix_list_ids":[],"security_groups":[]},{"cidr_blocks":[false],"ipv6_cidr_blocks":[],"prefix_list_ids":[],"security_groups":[]},{"cidr_blocks":[false],"ipv6_cidr_blocks":[],"prefix_list_ids":[],"security_groups":[]}],"owner_id":true}}},{"address":"aws_subnet.default","mode":"managed","type":"aws_subnet","name":"default","provider_name":"aws","change":{"actions":["create"],"before":null,"after":{"assign_ipv6_address_on_creation":false,"cidr_block":"192.168.38.0/24","ipv6_cidr_block":null,"map_public_ip_on_launch":true,"outpost_arn":null,"tags":null,"timeouts":null,"vpc_id":"aws_vpc.default.id"},"after_unknown":{"arn":true,"availability_zone":true,"availability_zone_id":true,"id":true,"ipv6_cidr_block_association_id":true,"owner_id":true}}},{"address":"aws_vpc.default","mode":"managed","type":"aws_vpc","name":"default","provider_name":"aws","change":{"actions":["create"],"before":null,"after":{"assign_generated_ipv6_cidr_block":false,"cidr_block":"192.168.0.0/16","enable_dns_support":true,"instance_tenancy":"default","tags":null},"after_unknown":{"arn":true,"default_network_acl_id":true,"default_route_table_id":true,"default_security_group_id":true,"dhcp_options_id":true,"enable_classiclink":true,"enable_classiclink_dns_support":true,"enable_dns_hostnames":true,"id":true,"ipv6_association_id":true,"ipv6_cidr_block":true,"main_route_table_id":true,"owner_id":true}}},{"address":"aws_vpc_dhcp_options.default","mode":"managed","type":"aws_vpc_dhcp_options","name":"default","provider_name":"aws","change":{"actions":["create"],"before":null,"after":{"domain_name":"windomain.local","domain_name_servers":["192.168.38.102","8.8.8.8"],"netbios_name_servers":["192.168.38.102"],"netbios_node_type":null,"ntp_servers":null,"tags":null},"after_unknown":{"arn":true,"domain_name_servers":[false,false],"id":true,"netbios_name_servers":[false],"owner_id":true}}},{"address":"aws_vpc_dhcp_options_association.default","mode":"managed","type":"aws_vpc_dhcp_options_association","name":"default","provider_name":"aws","change":{"actions":["create"],"before":null,"after":{"dhcp_options_id":"aws_vpc_dhcp_options.default.id","vpc_id":"aws_vpc.default.id"},"after_unknown":{"id":true}}}],"output_changes":{"ata_url":{"actions":["create"],"before":null,"after":"https://aws_instance.wef.public_ip","after_unknown":false},"dc_public_ip":{"actions":["create"],"before":null,"after":"aws_instance.dc.public_ip","after_unknown":false},"fleet_url":{"actions":["create"],"before":null,"after":"https://aws_instance.logger.public_ip:8412","after_unknown":false},"guacamole_url":{"actions":["create"],"before":null,"after":"http://aws_instance.logger.public_ip:8080/guacamole","after_unknown":false},"logger_public_ip":{"actions":["create"],"before":null,"after":"aws_instance.logger.public_ip","after_unknown":false},"region":{"actions":["create"],"before":null,"after":"us-west-1","after_unknown":false},"splunk_url":{"actions":["create"],"before":null,"after":"https://aws_instance.logger.public_ip:8000","after_unknown":false},"velociraptor_url":{"actions":["create"],"before":null,"after":"https://aws_instance.logger.public_ip:9999","after_unknown":false},"wef_public_ip":{"actions":["create"],"before":null,"after":"aws_instance.wef.public_ip","after_unknown":false},"win10_public_ip":{"actions":["create"],"before":null,"after":"aws_instance.win10.public_ip","after_unknown":false}},"prior_state":{"format_version":"0.1","terraform_version":"0.12.29","values":{"outputs":{"region":{"sensitive":false,"value":"us-west-1"}},"root_module":{"resources":[{"address":"data.aws_ami.dc_ami","mode":"data","type":"aws_ami","name":"dc_ami","provider_name":"aws","schema_version":0,"values":{"architecture":"x86_64","arn":"arn:aws:ec2:us-west-1::image/ami-0b06d29e772c8cbca","block_device_mappings":[{"device_name":"/dev/sda1","ebs":{"delete_on_termination":"false","encrypted":"false","iops":"0","snapshot_id":"snap-041cf33c989784ecf","volume_size":"60","volume_type":"gp2"},"no_device":"","virtual_name":""}],"creation_date":"2020-12-31T01:02:14.000Z","description":"AWS-VMImport service: Windows Server 2016 Standard Evaluation","executable_users":null,"filter":[{"name":"name","values":["detectionlab-dc"]}],"hypervisor":"xen","id":"ami-0b06d29e772c8cbca","image_id":"ami-0b06d29e772c8cbca","image_location":"505638924199/detectionlab-dc","image_owner_alias":null,"image_type":"machine","kernel_id":null,"most_recent":false,"name":"detectionlab-dc","name_regex":null,"owner_id":"505638924199","owners":["505638924199"],"platform":"windows","product_codes":[],"public":true,"ramdisk_id":null,"root_device_name":"/dev/sda1","root_device_type":"ebs","root_snapshot_id":"snap-041cf33c989784ecf","sriov_net_support":null,"state":"available","state_reason":{"code":"UNSET","message":"UNSET"},"tags":{},"virtualization_type":"hvm"}},{"address":"data.aws_ami.logger_ami","mode":"data","type":"aws_ami","name":"logger_ami","provider_name":"aws","schema_version":0,"values":{"architecture":"x86_64","arn":"arn:aws:ec2:us-west-1::image/ami-0f42d8c4eb586ccf7","block_device_mappings":[{"device_name":"/dev/sda1","ebs":{"delete_on_termination":"true","encrypted":"false","iops":"0","snapshot_id":"snap-08b20c7ec427927d9","volume_size":"8","volume_type":"gp2"},"no_device":"","virtual_name":""},{"device_name":"/dev/sdb","ebs":{},"no_device":"","virtual_name":"ephemeral0"},{"device_name":"/dev/sdc","ebs":{},"no_device":"","virtual_name":"ephemeral1"}],"creation_date":"2019-11-13T19:28:05.000Z","description":"Canonical, Ubuntu, 18.04 LTS, amd64 bionic image build on 2019-11-13","executable_users":null,"filter":[{"name":"name","values":["ubuntu/images/hvm-ssd/ubuntu-bionic-18.04-amd64-server-20191113"]}],"hypervisor":"xen","id":"ami-0f42d8c4eb586ccf7","image_id":"ami-0f42d8c4eb586ccf7","image_location":"099720109477/ubuntu/images/hvm-ssd/ubuntu-bionic-18.04-amd64-server-20191113","image_owner_alias":null,"image_type":"machine","kernel_id":null,"most_recent":false,"name":"ubuntu/images/hvm-ssd/ubuntu-bionic-18.04-amd64-server-20191113","name_regex":null,"owner_id":"099720109477","owners":["099720109477"],"platform":null,"product_codes":[],"public":true,"ramdisk_id":null,"root_device_name":"/dev/sda1","root_device_type":"ebs","root_snapshot_id":"snap-08b20c7ec427927d9","sriov_net_support":"simple","state":"available","state_reason":{"code":"UNSET","message":"UNSET"},"tags":{},"virtualization_type":"hvm"}},{"address":"data.aws_ami.wef_ami","mode":"data","type":"aws_ami","name":"wef_ami","provider_name":"aws","schema_version":0,"values":{"architecture":"x86_64","arn":"arn:aws:ec2:us-west-1::image/ami-02dfefa1b0767040c","block_device_mappings":[{"device_name":"/dev/sda1","ebs":{"delete_on_termination":"false","encrypted":"false","iops":"0","snapshot_id":"snap-0ed886c4fd0fc365b","volume_size":"60","volume_type":"gp2"},"no_device":"","virtual_name":""}],"creation_date":"2020-12-31T01:02:15.000Z","description":"AWS-VMImport service: Windows Server 2016 Standard Evaluation","executable_users":null,"filter":[{"name":"name","values":["detectionlab-wef"]}],"hypervisor":"xen","id":"ami-02dfefa1b0767040c","image_id":"ami-02dfefa1b0767040c","image_location":"505638924199/detectionlab-wef","image_owner_alias":null,"image_type":"machine","kernel_id":null,"most_recent":true,"name":"detectionlab-wef","name_regex":null,"owner_id":"505638924199","owners":["505638924199"],"platform":"windows","product_codes":[],"public":true,"ramdisk_id":null,"root_device_name":"/dev/sda1","root_device_type":"ebs","root_snapshot_id":"snap-0ed886c4fd0fc365b","sriov_net_support":null,"state":"available","state_reason":{"code":"UNSET","message":"UNSET"},"tags":{},"virtualization_type":"hvm"}},{"address":"data.aws_ami.win10_ami","mode":"data","type":"aws_ami","name":"win10_ami","provider_name":"aws","schema_version":0,"values":{"architecture":"x86_64","arn":"arn:aws:ec2:us-west-1::image/ami-08fe9fc13a1d26909","block_device_mappings":[{"device_name":"/dev/sda1","ebs":{"delete_on_termination":"false","encrypted":"false","iops":"0","snapshot_id":"snap-02d0ec38bbf026165","volume_size":"60","volume_type":"gp2"},"no_device":"","virtual_name":""}],"creation_date":"2020-12-31T01:02:15.000Z","description":"AWS-VMImport service: Windows 10 Enterprise Evaluation","executable_users":null,"filter":[{"name":"name","values":["detectionlab-win10"]}],"hypervisor":"xen","id":"ami-08fe9fc13a1d26909","image_id":"ami-08fe9fc13a1d26909","image_location":"505638924199/detectionlab-win10","image_owner_alias":null,"image_type":"machine","kernel_id":null,"most_recent":true,"name":"detectionlab-win10","name_regex":null,"owner_id":"505638924199","owners":["505638924199"],"platform":"windows","product_codes":[],"public":true,"ramdisk_id":null,"root_device_name":"/dev/sda1","root_device_type":"ebs","root_snapshot_id":"snap-02d0ec38bbf026165","sriov_net_support":null,"state":"available","state_reason":{"code":"UNSET","message":"UNSET"},"tags":{},"virtualization_type":"hvm"}}]}}},"configuration":{"provider_config":{"aws":{"name":"aws","expressions":{"profile":{"references":["var.profile"]},"region":{"references":["var.region"]},"shared_credentials_file":{"references":["var.shared_credentials_file"]}}}},"root_module":{"outputs":{"ata_url":{"expression":{"references":["local.ata_url"]}},"dc_public_ip":{"expression":{"references":["aws_instance.dc"]}},"fleet_url":{"expression":{"references":["local.fleet_url"]}},"guacamole_url":{"expression":{"references":["local.guacamole_url"]}},"logger_public_ip":{"expression":{"references":["aws_instance.logger"]}},"region":{"expression":{"references":["var.region"]}},"splunk_url":{"expression":{"references":["local.splunk_url"]}},"velociraptor_url":{"expression":{"references":["local.velociraptor_url"]}},"wef_public_ip":{"expression":{"references":["aws_instance.wef"]}},"win10_public_ip":{"expression":{"references":["aws_instance.win10"]}}},"resources":[{"address":"aws_instance.dc","mode":"managed","type":"aws_instance","name":"dc","provider_config_key":"aws","provisioners":[{"type":"remote-exec","expressions":{"inline":{"constant_value":["choco install -force -y winpcap","ipconfig /renew","powershell.exe -c \"Add-Content 'c:\\windows\\system32\\drivers\\etc\\hosts' '        192.168.38.103    wef.windomain.local'\""]}}}],"expressions":{"ami":{"references":["var.dc_ami","data.aws_ami.dc_ami"]},"instance_type":{"constant_value":"t3.medium"},"private_ip":{"constant_value":"192.168.38.102"},"root_block_device":[{"delete_on_termination":{"constant_value":true}}],"subnet_id":{"references":["aws_subnet.default"]},"tags":{"references":["var.custom-tags","var.instance_name_prefix"]},"vpc_security_group_ids":{"references":["aws_security_group.windows"]}},"schema_version":1,"raw_data":{"FileName":"main.tf","StartLine":218,"EndLine":250}},{"address":"aws_instance.logger","mode":"managed","type":"aws_instance","name":"logger","provider_config_key":"aws","provisioners":[{"type":"remote-exec","expressions":{"inline":{"constant_value":["sudo apt-get -qq update \u0026\u0026 sudo apt-get -qq install -y git","echo 'logger' | sudo tee /etc/hostname \u0026\u0026 sudo hostnamectl set-hostname logger","sudo adduser --disabled-password --gecos \"\" vagrant \u0026\u0026 echo 'vagrant:vagrant' | sudo chpasswd","sudo mkdir /home/vagrant/.ssh \u0026\u0026 sudo cp /home/ubuntu/.ssh/authorized_keys /home/vagrant/.ssh/authorized_keys \u0026\u0026 sudo chown -R vagrant:vagrant /home/vagrant/.ssh","echo 'vagrant    ALL=(ALL:ALL) NOPASSWD:ALL' | sudo tee -a /etc/sudoers","sudo git clone https://github.com/clong/DetectionLab.git /opt/DetectionLab","sudo sed -i 's/eth1/ens5/g' /opt/DetectionLab/Vagrant/bootstrap.sh","sudo sed -i 's/ETH1/ens5/g' /opt/DetectionLab/Vagrant/bootstrap.sh","sudo sed -i 's/eth1/ens5/g' /opt/DetectionLab/Vagrant/resources/suricata/suricata.yaml","sudo sed -i 's#/vagrant/resources#/opt/DetectionLab/Vagrant/resources#g' /opt/DetectionLab/Vagrant/bootstrap.sh","sudo sed -i 's/PasswordAuthentication no/PasswordAuthentication yes/g' /etc/ssh/sshd_config","sudo service ssh restart","sudo chmod +x /opt/DetectionLab/Vagrant/bootstrap.sh","sudo apt-get -qq update","sudo /opt/DetectionLab/Vagrant/bootstrap.sh"]}}}],"expressions":{"ami":{"references":["var.logger_ami","data.aws_ami.logger_ami"]},"instance_type":{"constant_value":"t3.medium"},"key_name":{"references":["aws_key_pair.auth"]},"private_ip":{"constant_value":"192.168.38.105"},"root_block_device":[{"delete_on_termination":{"constant_value":true},"volume_size":{"constant_value":64}}],"subnet_id":{"references":["aws_subnet.default"]},"tags":{"references":["var.custom-tags","var.instance_name_prefix"]},"vpc_security_group_ids":{"references":["aws_security_group.logger"]}},"schema_version":1,"raw_data":{"FileName":"main.tf","StartLine":171,"EndLine":216}},{"address":"aws_instance.wef","mode":"managed","type":"aws_instance","name":"wef","provider_config_key":"aws","provisioners":[{"type":"remote-exec","expressions":{"inline":{"constant_value":["choco install -force -y winpcap","powershell.exe -c \"Add-Content 'c:\\windows\\system32\\drivers\\etc\\hosts' '        192.168.38.102    dc.windomain.local'\"","powershell.exe -c \"Add-Content 'c:\\windows\\system32\\drivers\\etc\\hosts' '        192.168.38.102    windomain.local'\"","ipconfig /renew"]}}}],"expressions":{"ami":{"references":["var.wef_ami","data.aws_ami.wef_ami"]},"instance_type":{"constant_value":"t3.medium"},"private_ip":{"constant_value":"192.168.38.103"},"root_block_device":[{"delete_on_termination":{"constant_value":true}}],"subnet_id":{"references":["aws_subnet.default"]},"tags":{"references":["var.custom-tags","var.instance_name_prefix"]},"vpc_security_group_ids":{"references":["aws_security_group.windows"]}},"schema_version":1,"raw_data":{"FileName":"main.tf","StartLine":252,"EndLine":285}},{"address":"aws_instance.win10","mode":"managed","type":"aws_instance","name":"win10","provider_config_key":"aws","provisioners":[{"type":"remote-exec","expressions":{"inline":{"constant_value":["choco install -force -y winpcap","powershell.exe -c \"Add-Content 'c:\\windows\\system32\\drivers\\etc\\hosts' '        192.168.38.102    dc.windomain.local'\"","powershell.exe -c \"Add-Content 'c:\\windows\\system32\\drivers\\etc\\hosts' '        192.168.38.102    windomain.local'\"","ipconfig /renew"]}}}],"expressions":{"ami":{"references":["var.win10_ami","data.aws_ami.win10_ami"]},"instance_type":{"constant_value":"t2.medium"},"private_ip":{"constant_value":"192.168.38.104"},"root_block_device":[{"delete_on_termination":{"constant_value":true}}],"subnet_id":{"references":["aws_subnet.default"]},"tags":{"references":["var.custom-tags","var.instance_name_prefix"]},"vpc_security_group_ids":{"references":["aws_security_group.windows"]}},"schema_version":1,"raw_data":{"FileName":"main.tf","StartLine":287,"EndLine":320}},{"address":"aws_internet_gateway.default","mode":"managed","type":"aws_internet_gateway","name":"default","provider_config_key":"aws","expressions":{"tags":{"references":["var.custom-tags"]},"vpc_id":{"references":["aws_vpc.default"]}},"schema_version":0,"raw_data":{"FileName":"main.tf","StartLine":15,"EndLine":18}},{"address":"aws_key_pair.auth","mode":"managed","type":"aws_key_pair","name":"auth","provider_config_key":"aws","expressions":{"key_name":{"references":["var.public_key_name"]},"public_key":{"references":["var.public_key_path"]}},"schema_version":1,"raw_data":{"FileName":"main.tf","StartLine":166,"EndLine":169}},{"address":"aws_route.internet_access","mode":"managed","type":"aws_route","name":"internet_access","provider_config_key":"aws","expressions":{"destination_cidr_block":{"constant_value":"0.0.0.0/0"},"gateway_id":{"references":["aws_internet_gateway.default"]},"route_table_id":{"references":["aws_vpc.default"]}},"schema_version":0,"raw_data":{"FileName":"main.tf","StartLine":21,"EndLine":25}},{"address":"aws_security_group.logger","mode":"managed","type":"aws_security_group","name":"logger","provider_config_key":"aws","expressions":{"description":{"constant_value":"DetectionLab: Security Group for the logger host"},"name":{"constant_value":"logger_security_group"},"tags":{"references":["var.custom-tags"]},"vpc_id":{"references":["aws_vpc.default"]}},"schema_version":1,"raw_data":{"FileName":"main.tf","StartLine":50,"EndLine":117}},{"address":"aws_security_group.windows","mode":"managed","type":"aws_security_group","name":"windows","provider_config_key":"aws","expressions":{"description":{"constant_value":"DetectionLab: Security group for the Windows hosts"},"name":{"constant_value":"windows_security_group"},"tags":{"references":["var.custom-tags"]},"vpc_id":{"references":["aws_vpc.default"]}},"schema_version":1,"raw_data":{"FileName":"main.tf","StartLine":119,"EndLine":164}},{"address":"aws_subnet.default","mode":"managed","type":"aws_subnet","name":"default","provider_config_key":"aws","expressions":{"availability_zone":{"references":["var.availability_zone"]},"cidr_block":{"constant_value":"192.168.38.0/24"},"map_public_ip_on_launch":{"constant_value":true},"tags":{"references":["var.custom-tags"]},"vpc_id":{"references":["aws_vpc.default"]}},"schema_version":1,"raw_data":{"FileName":"main.tf","StartLine":28,"EndLine":34}},{"address":"aws_vpc.default","mode":"managed","type":"aws_vpc","name":"default","provider_config_key":"aws","expressions":{"cidr_block":{"constant_value":"192.168.0.0/16"},"tags":{"references":["var.custom-tags"]}},"schema_version":1,"raw_data":{"FileName":"main.tf","StartLine":9,"EndLine":12}},{"address":"aws_vpc_dhcp_options.default","mode":"managed","type":"aws_vpc_dhcp_options","name":"default","provider_config_key":"aws","expressions":{"domain_name":{"constant_value":"windomain.local"},"domain_name_servers":{"references":["aws_instance.dc","var.external_dns_servers"]},"netbios_name_servers":{"references":["aws_instance.dc"]},"tags":{"references":["var.custom-tags"]}},"schema_version":0,"raw_data":{"FileName":"main.tf","StartLine":37,"EndLine":42}},{"address":"aws_vpc_dhcp_options_association.default","mode":"managed","type":"aws_vpc_dhcp_options_association","name":"default","provider_config_key":"aws","expressions":{"dhcp_options_id":{"references":["aws_vpc_dhcp_options.default"]},"vpc_id":{"references":["aws_vpc.default"]}},"schema_version":0,"raw_data":{"FileName":"main.tf","StartLine":44,"EndLine":47}},{"address":"data.aws_ami.dc_ami","mode":"data","type":"aws_ami","name":"dc_ami","provider_config_key":"aws","expressions":{"filter":[{"name":{"constant_value":"name"},"values":{"constant_value":["detectionlab-dc"]}}],"owners":{"constant_value":["505638924199"]}},"schema_version":0,"raw_data":{"FileName":"variables.tf","StartLine":71,"EndLine":78}},{"address":"data.aws_ami.logger_ami","mode":"data","type":"aws_ami","name":"logger_ami","provider_config_key":"aws","expressions":{"filter":[{"name":{"constant_value":"name"},"values":{"constant_value":["ubuntu/images/hvm-ssd/ubuntu-bionic-18.04-amd64-server-20191113"]}}],"owners":{"constant_value":["099720109477"]}},"schema_version":0,"raw_data":{"FileName":"variables.tf","StartLine":61,"EndLine":68}},{"address":"data.aws_ami.wef_ami","mode":"data","type":"aws_ami","name":"wef_ami","provider_config_key":"aws","expressions":{"filter":[{"name":{"constant_value":"name"},"values":{"constant_value":["detectionlab-wef"]}}],"most_recent":{"constant_value":true},"owners":{"constant_value":["505638924199"]}},"schema_version":0,"raw_data":{"FileName":"variables.tf","StartLine":81,"EndLine":89}},{"address":"data.aws_ami.win10_ami","mode":"data","type":"aws_ami","name":"win10_ami","provider_config_key":"aws","expressions":{"filter":[{"name":{"constant_value":"name"},"values":{"constant_value":["detectionlab-win10"]}}],"most_recent":{"constant_value":true},"owners":{"constant_value":["505638924199"]}},"schema_version":0,"raw_data":{"FileName":"variables.tf","StartLine":92,"EndLine":100}}],"variables":{"availability_zone":{"default":"","description":"https://www.terraform.io/docs/providers/aws/d/availability_zone.html"},"custom-tags":{"default":{},"description":"Optional mapping for additional tags to apply to all related AWS resources"},"dc_ami":{"default":""},"external_dns_servers":{"default":["8.8.8.8"],"description":"Configure lab to allow external DNS resolution"},"instance_name_prefix":{"default":"","description":"Optional string to prefix at the front of instance names in case you need to run multiple DetectionLab environments in the same AWS account"},"ip_whitelist":{"default":["133.0.0.0/24"],"description":"A list of CIDRs that will be allowed to access the EC2 instances"},"logger_ami":{"default":""},"private_key_path":{"default":"/home/username/.ssh/id_logger","description":"Path to the private key to use to authenticate to logger."},"profile":{"default":"terraform"},"public_key_name":{"default":"id_logger","description":"A name for AWS Keypair to use to auth to logger. Can be anything you specify."},"public_key_path":{"default":"id_logger.pub","description":"Path to the public key to be loaded into the logger authorized_keys file"},"region":{"default":"us-west-1"},"shared_credentials_file":{"default":"/home/username/.aws/credentials","description":"Path to your AWS credentials file"},"wef_ami":{"default":""},"win10_ami":{"default":""}}}}}
