{"format_version":"0.1","terraform_version":"0.12.29","planned_values":{"root_module":{"resources":[{"address":"aws_db_subnet_group.nondefault","mode":"managed","type":"aws_db_subnet_group","name":"nondefault","provider_name":"aws","schema_version":0,"values":{"description":"Managed by Terraform","name":"nondefault","subnet_ids":["aws_subnet.nondefault_1.id","aws_subnet.nondefault_2.id"],"tags":null}},{"address":"aws_elasticsearch_domain.test","mode":"managed","type":"aws_elasticsearch_domain","name":"test","provider_name":"aws","schema_version":0,"values":{"advanced_security_options":[],"cluster_config":[],"cognito_options":[],"domain_endpoint_options":[],"domain_name":"test","ebs_options":[{"ebs_enabled":true,"iops":null,"volume_size":10,"volume_type":"gp2"}],"elasticsearch_version":"1.5","encrypt_at_rest":[],"log_publishing_options":[],"node_to_node_encryption":[],"snapshot_options":[],"tags":null,"timeouts":null,"vpc_options":[{"availability_zones":null,"security_group_ids":["aws_security_group.nondefault.id"],"subnet_ids":["aws_subnet.nondefault_1.id"],"vpc_id":null}]}},{"address":"aws_iam_service_linked_role.es","mode":"managed","type":"aws_iam_service_linked_role","name":"es","provider_name":"aws","schema_version":0,"values":{"aws_service_name":"es.amazonaws.com","custom_suffix":null,"description":"Allows Amazon ES to manage AWS resources for a domain on your behalf."}},{"address":"aws_security_group.nondefault","mode":"managed","type":"aws_security_group","name":"nondefault","provider_name":"aws","schema_version":1,"values":{"description":"Managed by Terraform","revoke_rules_on_delete":false,"tags":null,"timeouts":null,"vpc_id":"aws_vpc.nondefault.id"}},{"address":"aws_security_group.unused","mode":"managed","type":"aws_security_group","name":"unused","provider_name":"aws","schema_version":1,"values":{"description":"Managed by Terraform","ingress":[{"cidr_blocks":["0.0.0.0/0"],"description":null,"from_port":53,"ipv6_cidr_blocks":null,"prefix_list_ids":null,"protocol":"UDP","security_groups":null,"self":null,"to_port":53}],"name":"Unused security group","revoke_rules_on_delete":false,"tags":null,"timeouts":null,"vpc_id":"aws_vpc.nondefault.id"}},{"address":"aws_subnet.nondefault_1","mode":"managed","type":"aws_subnet","name":"nondefault_1","provider_name":"aws","schema_version":1,"values":{"assign_ipv6_address_on_creation":false,"availability_zone":"us-east-1a","cidr_block":"10.1.1.128/25","customer_owned_ipv4_pool":null,"ipv6_cidr_block":null,"map_customer_owned_ip_on_launch":null,"map_public_ip_on_launch":false,"outpost_arn":null,"tags":null,"timeouts":null,"vpc_id":"aws_vpc.nondefault.id"}},{"address":"aws_subnet.nondefault_2","mode":"managed","type":"aws_subnet","name":"nondefault_2","provider_name":"aws","schema_version":1,"values":{"assign_ipv6_address_on_creation":false,"availability_zone":"us-east-1b","cidr_block":"10.1.1.0/25","customer_owned_ipv4_pool":null,"ipv6_cidr_block":null,"map_customer_owned_ip_on_launch":null,"map_public_ip_on_launch":false,"outpost_arn":null,"tags":null,"timeouts":null,"vpc_id":"aws_vpc.nondefault.id"}},{"address":"aws_vpc.nondefault","mode":"managed","type":"aws_vpc","name":"nondefault","provider_name":"aws","schema_version":1,"values":{"assign_generated_ipv6_cidr_block":false,"cidr_block":"10.1.1.0/24","enable_dns_support":true,"instance_tenancy":"default","tags":null}}]}},"resource_changes":[{"address":"aws_db_subnet_group.nondefault","mode":"managed","type":"aws_db_subnet_group","name":"nondefault","provider_name":"aws","change":{"actions":["create"],"before":null,"after":{"description":"Managed by Terraform","name":"nondefault","subnet_ids":["aws_subnet.nondefault_1.id","aws_subnet.nondefault_2.id"],"tags":null},"after_unknown":{"arn":true,"id":true,"name_prefix":true,"subnet_ids":[false,false]}}},{"address":"aws_elasticsearch_domain.test","mode":"managed","type":"aws_elasticsearch_domain","name":"test","provider_name":"aws","change":{"actions":["create"],"before":null,"after":{"advanced_security_options":[],"cluster_config":[],"cognito_options":[],"domain_endpoint_options":[],"domain_name":"test","ebs_options":[{"ebs_enabled":true,"iops":null,"volume_size":10,"volume_type":"gp2"}],"elasticsearch_version":"1.5","encrypt_at_rest":[],"log_publishing_options":[],"node_to_node_encryption":[],"snapshot_options":[],"tags":null,"timeouts":null,"vpc_options":[{"availability_zones":null,"security_group_ids":["aws_security_group.nondefault.id"],"subnet_ids":["aws_subnet.nondefault_1.id"],"vpc_id":null}]},"after_unknown":{"access_policies":true,"advanced_options":true,"advanced_security_options":[],"arn":true,"cluster_config":[],"cognito_options":[],"domain_endpoint_options":[],"domain_id":true,"ebs_options":[{}],"encrypt_at_rest":[],"endpoint":true,"id":true,"kibana_endpoint":true,"log_publishing_options":[],"node_to_node_encryption":[],"snapshot_options":[],"vpc_options":[{"security_group_ids":[false],"subnet_ids":[false]}]}}},{"address":"aws_iam_service_linked_role.es","mode":"managed","type":"aws_iam_service_linked_role","name":"es","provider_name":"aws","change":{"actions":["create"],"before":null,"after":{"aws_service_name":"es.amazonaws.com","custom_suffix":null,"description":"Allows Amazon ES to manage AWS resources for a domain on your behalf."},"after_unknown":{"arn":true,"create_date":true,"id":true,"name":true,"path":true,"unique_id":true}}},{"address":"aws_security_group.nondefault","mode":"managed","type":"aws_security_group","name":"nondefault","provider_name":"aws","change":{"actions":["create"],"before":null,"after":{"description":"Managed by Terraform","revoke_rules_on_delete":false,"tags":null,"timeouts":null,"vpc_id":"aws_vpc.nondefault.id"},"after_unknown":{"arn":true,"egress":true,"id":true,"ingress":true,"name":true,"name_prefix":true,"owner_id":true}}},{"address":"aws_security_group.unused","mode":"managed","type":"aws_security_group","name":"unused","provider_name":"aws","change":{"actions":["create"],"before":null,"after":{"description":"Managed by Terraform","ingress":[{"cidr_blocks":["0.0.0.0/0"],"description":null,"from_port":53,"ipv6_cidr_blocks":null,"prefix_list_ids":null,"protocol":"UDP","security_groups":null,"self":null,"to_port":53}],"name":"Unused security group","revoke_rules_on_delete":false,"tags":null,"timeouts":null,"vpc_id":"aws_vpc.nondefault.id"},"after_unknown":{"arn":true,"egress":true,"id":true,"ingress":[{"cidr_blocks":[false]}],"name_prefix":true,"owner_id":true}}},{"address":"aws_subnet.nondefault_1","mode":"managed","type":"aws_subnet","name":"nondefault_1","provider_name":"aws","change":{"actions":["create"],"before":null,"after":{"assign_ipv6_address_on_creation":false,"availability_zone":"us-east-1a","cidr_block":"10.1.1.128/25","customer_owned_ipv4_pool":null,"ipv6_cidr_block":null,"map_customer_owned_ip_on_launch":null,"map_public_ip_on_launch":false,"outpost_arn":null,"tags":null,"timeouts":null,"vpc_id":"aws_vpc.nondefault.id"},"after_unknown":{"arn":true,"availability_zone_id":true,"id":true,"ipv6_cidr_block_association_id":true,"owner_id":true,"tags_all":true}}},{"address":"aws_subnet.nondefault_2","mode":"managed","type":"aws_subnet","name":"nondefault_2","provider_name":"aws","change":{"actions":["create"],"before":null,"after":{"assign_ipv6_address_on_creation":false,"availability_zone":"us-east-1b","cidr_block":"10.1.1.0/25","customer_owned_ipv4_pool":null,"ipv6_cidr_block":null,"map_customer_owned_ip_on_launch":null,"map_public_ip_on_launch":false,"outpost_arn":null,"tags":null,"timeouts":null,"vpc_id":"aws_vpc.nondefault.id"},"after_unknown":{"arn":true,"availability_zone_id":true,"id":true,"ipv6_cidr_block_association_id":true,"owner_id":true,"tags_all":true}}},{"address":"aws_vpc.nondefault","mode":"managed","type":"aws_vpc","name":"nondefault","provider_name":"aws","change":{"actions":["create"],"before":null,"after":{"assign_generated_ipv6_cidr_block":false,"cidr_block":"10.1.1.0/24","enable_dns_support":true,"instance_tenancy":"default","tags":null},"after_unknown":{"arn":true,"default_network_acl_id":true,"default_route_table_id":true,"default_security_group_id":true,"dhcp_options_id":true,"enable_classiclink":true,"enable_classiclink_dns_support":true,"enable_dns_hostnames":true,"id":true,"ipv6_association_id":true,"ipv6_cidr_block":true,"main_route_table_id":true,"owner_id":true,"tags_all":true}}}],"configuration":{"provider_config":{"aws":{"name":"aws","expressions":{"region":{"constant_value":"us-east-1"}}}},"root_module":{"resources":[{"address":"aws_db_subnet_group.nondefault","mode":"managed","type":"aws_db_subnet_group","name":"nondefault","provider_config_key":"aws","expressions":{"name":{"constant_value":"nondefault"},"subnet_ids":{"references":["aws_subnet.nondefault_1","aws_subnet.nondefault_2"]}},"schema_version":0,"raw_data":{"FileName":"main.tf","StartLine":25,"EndLine":29}},{"address":"aws_elasticsearch_domain.test","mode":"managed","type":"aws_elasticsearch_domain","name":"test","provider_config_key":"aws","expressions":{"domain_name":{"constant_value":"test"},"ebs_options":[{"ebs_enabled":{"constant_value":true},"volume_size":{"constant_value":10},"volume_type":{"constant_value":"gp2"}}],"vpc_options":[{"security_group_ids":{"references":["aws_security_group.nondefault"]},"subnet_ids":{"references":["aws_subnet.nondefault_1"]}}]},"schema_version":0,"raw_data":{"FileName":"main.tf","StartLine":36,"EndLine":49}},{"address":"aws_iam_service_linked_role.es","mode":"managed","type":"aws_iam_service_linked_role","name":"es","provider_config_key":"aws","expressions":{"aws_service_name":{"constant_value":"es.amazonaws.com"},"description":{"constant_value":"Allows Amazon ES to manage AWS resources for a domain on your behalf."}},"schema_version":0,"raw_data":{"FileName":"main.tf","StartLine":31,"EndLine":34}},{"address":"aws_security_group.nondefault","mode":"managed","type":"aws_security_group","name":"nondefault","provider_config_key":"aws","expressions":{"vpc_id":{"references":["aws_vpc.nondefault"]}},"schema_version":1,"raw_data":{"FileName":"main.tf","StartLine":9,"EndLine":11}},{"address":"aws_security_group.unused","mode":"managed","type":"aws_security_group","name":"unused","provider_config_key":"aws","expressions":{"name":{"constant_value":"Unused security group"},"vpc_id":{"references":["aws_vpc.nondefault"]}},"schema_version":1,"raw_data":{"FileName":"main.tf","StartLine":52,"EndLine":62}},{"address":"aws_subnet.nondefault_1","mode":"managed","type":"aws_subnet","name":"nondefault_1","provider_config_key":"aws","expressions":{"availability_zone":{"constant_value":"us-east-1a"},"cidr_block":{"constant_value":"10.1.1.128/25"},"vpc_id":{"references":["aws_vpc.nondefault"]}},"schema_version":1,"raw_data":{"FileName":"main.tf","StartLine":13,"EndLine":17}},{"address":"aws_subnet.nondefault_2","mode":"managed","type":"aws_subnet","name":"nondefault_2","provider_config_key":"aws","expressions":{"availability_zone":{"constant_value":"us-east-1b"},"cidr_block":{"constant_value":"10.1.1.0/25"},"vpc_id":{"references":["aws_vpc.nondefault"]}},"schema_version":1,"raw_data":{"FileName":"main.tf","StartLine":19,"EndLine":23}},{"address":"aws_vpc.nondefault","mode":"managed","type":"aws_vpc","name":"nondefault","provider_config_key":"aws","expressions":{"cidr_block":{"constant_value":"10.1.1.0/24"}},"schema_version":1,"raw_data":{"FileName":"main.tf","StartLine":5,"EndLine":7}}]}}}
