{"format_version":"0.1","terraform_version":"0.13.4","planned_values":{"root_module":{"resources":[{"address":"aws_redshift_cluster.test","mode":"managed","type":"aws_redshift_cluster","name":"test","provider_name":"registry.terraform.io/hashicorp/aws","schema_version":0,"values":{"allow_version_upgrade":true,"automated_snapshot_retention_period":1,"cluster_identifier":"cloudrail-redshift-cluster-logging","cluster_type":"single-node","cluster_version":"1.0","database_name":"mydb","elastic_ip":null,"encrypted":false,"final_snapshot_identifier":null,"logging":[],"master_password":"Zasdf8adf887","master_username":"administrator","node_type":"dc1.large","number_of_nodes":1,"owner_account":null,"port":5439,"publicly_accessible":true,"skip_final_snapshot":true,"snapshot_cluster_identifier":null,"snapshot_copy":[],"snapshot_identifier":null,"tags":null,"timeouts":null}}]}},"resource_changes":[{"address":"aws_redshift_cluster.test","mode":"managed","type":"aws_redshift_cluster","name":"test","provider_name":"registry.terraform.io/hashicorp/aws","change":{"actions":["create"],"before":null,"after":{"allow_version_upgrade":true,"automated_snapshot_retention_period":1,"cluster_identifier":"cloudrail-redshift-cluster-logging","cluster_type":"single-node","cluster_version":"1.0","database_name":"mydb","elastic_ip":null,"encrypted":false,"final_snapshot_identifier":null,"logging":[],"master_password":"Zasdf8adf887","master_username":"administrator","node_type":"dc1.large","number_of_nodes":1,"owner_account":null,"port":5439,"publicly_accessible":true,"skip_final_snapshot":true,"snapshot_cluster_identifier":null,"snapshot_copy":[],"snapshot_identifier":null,"tags":null,"timeouts":null},"after_unknown":{"arn":true,"availability_zone":true,"cluster_parameter_group_name":true,"cluster_public_key":true,"cluster_revision_number":true,"cluster_security_groups":true,"cluster_subnet_group_name":true,"dns_name":true,"endpoint":true,"enhanced_vpc_routing":true,"iam_roles":true,"id":true,"kms_key_id":true,"logging":[],"preferred_maintenance_window":true,"snapshot_copy":[],"tags_all":true,"vpc_security_group_ids":true}}}],"configuration":{"provider_config":{"aws":{"name":"aws","expressions":{"region":{"constant_value":"us-east-1"}}}},"root_module":{"resources":[{"address":"aws_redshift_cluster.test","mode":"managed","type":"aws_redshift_cluster","name":"test","provider_config_key":"aws","expressions":{"cluster_identifier":{"constant_value":"cloudrail-redshift-cluster-logging"},"cluster_type":{"constant_value":"single-node"},"database_name":{"constant_value":"mydb"},"master_password":{"constant_value":"Zasdf8adf887"},"master_username":{"constant_value":"administrator"},"node_type":{"constant_value":"dc1.large"},"skip_final_snapshot":{"constant_value":true}},"schema_version":0,"raw_data":{"FileName":"main.tf","StartLine":2,"EndLine":10}}]}}}
