{"format_version":"0.1","terraform_version":"0.14.6","planned_values":{"root_module":{"resources":[{"address":"azurerm_cosmosdb_account.db","mode":"managed","type":"azurerm_cosmosdb_account","name":"db","provider_name":"registry.terraform.io/hashicorp/azurerm","schema_version":0,"values":{"access_key_metadata_writes_enabled":true,"analytical_storage_enabled":false,"backup":[{"interval_in_minutes":1440,"retention_in_hours":8,"type":"Periodic"}],"capabilities":[{"name":"EnableMongo"}],"consistency_policy":[{"consistency_level":"BoundedStaleness","max_interval_in_seconds":400,"max_staleness_prefix":200000}],"cors_rule":[{"allowed_headers":["exampleHeader"],"allowed_methods":["GET","HEAD"],"allowed_origins":["https://example.com"],"exposed_headers":["exampleHeader"],"max_age_in_seconds":3600}],"enable_automatic_failover":true,"enable_free_tier":true,"enable_multiple_write_locations":false,"geo_location":[{"failover_priority":0,"location":"westeurope","prefix":"","zone_redundant":false},{"failover_priority":1,"location":"francecentral","prefix":"","zone_redundant":false}],"identity":[{"type":"SystemAssigned"}],"ip_range_filter":"8.8.8.8","is_virtual_network_filter_enabled":true,"key_vault_key_id":"azurerm_key_vault_key.generated.versionless_id","kind":"MongoDB","local_authentication_disabled":false,"location":"westeurope","mongo_server_version":"4.0","network_acl_bypass_for_azure_services":true,"network_acl_bypass_ids":["azurerm_synapse_workspace.test.id"],"offer_type":"Standard","public_network_access_enabled":false,"resource_group_name":"crtest-rg","tags":{"env":"test"},"timeouts":null,"virtual_network_rule":[{"ignore_missing_vnet_service_endpoint":true},{"ignore_missing_vnet_service_endpoint":true}]}},{"address":"azurerm_key_vault.test","mode":"managed","type":"azurerm_key_vault","name":"test","provider_name":"registry.terraform.io/hashicorp/azurerm","schema_version":2,"values":{"access_policy":[{"application_id":null,"certificate_permissions":null,"key_permissions":["list","create","delete","get","purge","update"],"object_id":"c493c29b-8a45-4808-9e59-2ffaffdac141","secret_permissions":["get","delete","set"],"storage_permissions":null,"tenant_id":"568db8f3-e402-4c09-baa9-692e42029cc7"},{"application_id":null,"certificate_permissions":null,"key_permissions":["list","create","delete","get","update","unwrapKey","wrapKey"],"object_id":"20b927a8-6712-488d-a2fc-6d8839b7f1e2","secret_permissions":["get","delete","set"],"storage_permissions":null,"tenant_id":"568db8f3-e402-4c09-baa9-692e42029cc7"}],"contact":[],"enable_rbac_authorization":null,"enabled_for_deployment":null,"enabled_for_disk_encryption":null,"enabled_for_template_deployment":null,"location":"westeurope","purge_protection_enabled":true,"resource_group_name":"crtest-rg","sku_name":"standard","soft_delete_retention_days":7,"tags":null,"tenant_id":"568db8f3-e402-4c09-baa9-692e42029cc7","timeouts":null}},{"address":"azurerm_key_vault_key.generated","mode":"managed","type":"azurerm_key_vault_key","name":"generated","provider_name":"registry.terraform.io/hashicorp/azurerm","schema_version":0,"values":{"expiration_date":null,"key_opts":["decrypt","encrypt","sign","unwrapKey","verify","wrapKey"],"key_size":2048,"key_type":"RSA","key_vault_id":"azurerm_key_vault.test.id","name":"crtest-key","not_before_date":null,"tags":null,"timeouts":null}},{"address":"azurerm_monitor_diagnostic_setting.diag1","mode":"managed","type":"azurerm_monitor_diagnostic_setting","name":"diag1","provider_name":"registry.terraform.io/hashicorp/azurerm","schema_version":0,"values":{"eventhub_authorization_rule_id":null,"eventhub_name":null,"log":[{"category":"DataPlaneRequests","enabled":true,"retention_policy":[{"days":0,"enabled":true}]}],"log_analytics_destination_type":null,"log_analytics_workspace_id":null,"metric":[],"name":"crtest-cosmosdbaccdiag","storage_account_id":"azurerm_storage_account.test.id","target_resource_id":"azurerm_cosmosdb_account.db.id","timeouts":null}},{"address":"azurerm_resource_group.rg","mode":"managed","type":"azurerm_resource_group","name":"rg","provider_name":"registry.terraform.io/hashicorp/azurerm","schema_version":0,"values":{"location":"westeurope","name":"crtest-rg","tags":null,"timeouts":null}},{"address":"azurerm_role_assignment.storage","mode":"managed","type":"azurerm_role_assignment","name":"storage","provider_name":"registry.terraform.io/hashicorp/azurerm","schema_version":0,"values":{"condition":null,"condition_version":null,"delegated_managed_identity_resource_id":null,"description":null,"principal_id":"c493c29b-8a45-4808-9e59-2ffaffdac141","role_definition_name":"Storage Blob Data Contributor","scope":"/subscriptions/230613d8-3b34-4790-b650-36f31045f19a","timeouts":null}},{"address":"azurerm_storage_account.file","mode":"managed","type":"azurerm_storage_account","name":"file","provider_name":"registry.terraform.io/hashicorp/azurerm","schema_version":2,"values":{"account_kind":"StorageV2","account_replication_type":"LRS","account_tier":"Standard","allow_blob_public_access":false,"azure_files_authentication":[],"custom_domain":[],"enable_https_traffic_only":true,"is_hns_enabled":false,"location":"westeurope","min_tls_version":"TLS1_0","name":"crteststoragfile","nfsv3_enabled":false,"resource_group_name":"crtest-rg","shared_access_key_enabled":true,"static_website":[],"tags":null,"timeouts":null}},{"address":"azurerm_storage_account.test","mode":"managed","type":"azurerm_storage_account","name":"test","provider_name":"registry.terraform.io/hashicorp/azurerm","schema_version":2,"values":{"account_kind":"StorageV2","account_replication_type":"LRS","account_tier":"Standard","allow_blob_public_access":false,"azure_files_authentication":[],"custom_domain":[],"enable_https_traffic_only":true,"is_hns_enabled":false,"location":"westeurope","min_tls_version":"TLS1_0","nfsv3_enabled":false,"resource_group_name":"crtest-rg","shared_access_key_enabled":true,"static_website":[],"tags":null,"timeouts":null}},{"address":"azurerm_storage_data_lake_gen2_filesystem.test","mode":"managed","type":"azurerm_storage_data_lake_gen2_filesystem","name":"test","provider_name":"registry.terraform.io/hashicorp/azurerm","schema_version":0,"values":{"name":"crtestfile","properties":null,"storage_account_id":"azurerm_storage_account.file.id","timeouts":null}},{"address":"azurerm_synapse_workspace.test","mode":"managed","type":"azurerm_synapse_workspace","name":"test","provider_name":"registry.terraform.io/hashicorp/azurerm","schema_version":0,"values":{"azure_devops_repo":[],"customer_managed_key":[],"data_exfiltration_protection_enabled":null,"github_repo":[],"location":"westeurope","managed_virtual_network_enabled":null,"name":"crtest-work","resource_group_name":"crtest-rg","sql_administrator_login":"sqladminuser","sql_administrator_login_password":"H@Sh1CoR3!","sql_identity_control_enabled":null,"storage_data_lake_gen2_filesystem_id":"azurerm_storage_data_lake_gen2_filesystem.test.id","tags":null,"timeouts":null}},{"address":"azurerm_virtual_network.test","mode":"managed","type":"azurerm_virtual_network","name":"test","provider_name":"registry.terraform.io/hashicorp/azurerm","schema_version":0,"values":{"address_space":["10.0.0.0/16"],"bgp_community":null,"ddos_protection_plan":[],"dns_servers":["10.0.0.4","10.0.0.5"],"location":"westeurope","name":"crtest-vnet","resource_group_name":"crtest-rg","subnet":[{"address_prefix":"10.0.1.0/24","name":"subnet1","security_group":""},{"address_prefix":"10.0.2.0/24","name":"subnet2","security_group":""}],"tags":null,"timeouts":null,"vm_protection_enabled":false}},{"address":"random_integer.ri","mode":"managed","type":"random_integer","name":"ri","provider_name":"registry.terraform.io/hashicorp/random","schema_version":0,"values":{"keepers":null,"max":99999,"min":10000,"seed":null}}]}},"resource_changes":[{"address":"azurerm_cosmosdb_account.db","mode":"managed","type":"azurerm_cosmosdb_account","name":"db","provider_name":"registry.terraform.io/hashicorp/azurerm","change":{"actions":["create"],"before":null,"after":{"access_key_metadata_writes_enabled":true,"analytical_storage_enabled":false,"backup":[{"interval_in_minutes":1440,"retention_in_hours":8,"type":"Periodic"}],"capabilities":[{"name":"EnableMongo"}],"consistency_policy":[{"consistency_level":"BoundedStaleness","max_interval_in_seconds":400,"max_staleness_prefix":200000}],"cors_rule":[{"allowed_headers":["exampleHeader"],"allowed_methods":["GET","HEAD"],"allowed_origins":["https://example.com"],"exposed_headers":["exampleHeader"],"max_age_in_seconds":3600}],"enable_automatic_failover":true,"enable_free_tier":true,"enable_multiple_write_locations":false,"geo_location":[{"failover_priority":0,"location":"westeurope","prefix":"","zone_redundant":false},{"failover_priority":1,"location":"francecentral","prefix":"","zone_redundant":false}],"identity":[{"type":"SystemAssigned"}],"ip_range_filter":"8.8.8.8","is_virtual_network_filter_enabled":true,"key_vault_key_id":"azurerm_key_vault_key.generated.versionless_id","kind":"MongoDB","local_authentication_disabled":false,"location":"westeurope","mongo_server_version":"4.0","network_acl_bypass_for_azure_services":true,"network_acl_bypass_ids":["azurerm_synapse_workspace.test.id"],"offer_type":"Standard","public_network_access_enabled":false,"resource_group_name":"crtest-rg","tags":{"env":"test"},"timeouts":null,"virtual_network_rule":[{"ignore_missing_vnet_service_endpoint":true},{"ignore_missing_vnet_service_endpoint":true}]},"after_unknown":{"backup":[{}],"capabilities":[{}],"connection_strings":true,"consistency_policy":[{}],"cors_rule":[{"allowed_headers":[false],"allowed_methods":[false,false],"allowed_origins":[false],"exposed_headers":[false]}],"endpoint":true,"geo_location":[{"id":true},{"id":true}],"id":true,"identity":[{"principal_id":true,"tenant_id":true}],"name":true,"network_acl_bypass_ids":[false],"primary_key":true,"primary_master_key":true,"primary_readonly_key":true,"primary_readonly_master_key":true,"read_endpoints":true,"secondary_key":true,"secondary_master_key":true,"secondary_readonly_key":true,"secondary_readonly_master_key":true,"tags":{},"virtual_network_rule":[{"id":true},{"id":true}],"write_endpoints":true}}},{"address":"azurerm_key_vault.test","mode":"managed","type":"azurerm_key_vault","name":"test","provider_name":"registry.terraform.io/hashicorp/azurerm","change":{"actions":["create"],"before":null,"after":{"access_policy":[{"application_id":null,"certificate_permissions":null,"key_permissions":["list","create","delete","get","purge","update"],"object_id":"c493c29b-8a45-4808-9e59-2ffaffdac141","secret_permissions":["get","delete","set"],"storage_permissions":null,"tenant_id":"568db8f3-e402-4c09-baa9-692e42029cc7"},{"application_id":null,"certificate_permissions":null,"key_permissions":["list","create","delete","get","update","unwrapKey","wrapKey"],"object_id":"20b927a8-6712-488d-a2fc-6d8839b7f1e2","secret_permissions":["get","delete","set"],"storage_permissions":null,"tenant_id":"568db8f3-e402-4c09-baa9-692e42029cc7"}],"contact":[],"enable_rbac_authorization":null,"enabled_for_deployment":null,"enabled_for_disk_encryption":null,"enabled_for_template_deployment":null,"location":"westeurope","purge_protection_enabled":true,"resource_group_name":"crtest-rg","sku_name":"standard","soft_delete_retention_days":7,"tags":null,"tenant_id":"568db8f3-e402-4c09-baa9-692e42029cc7","timeouts":null},"after_unknown":{"access_policy":[{"key_permissions":[false,false,false,false,false,false],"secret_permissions":[false,false,false]},{"key_permissions":[false,false,false,false,false,false,false],"secret_permissions":[false,false,false]}],"contact":[],"id":true,"name":true,"network_acls":true,"soft_delete_enabled":true,"vault_uri":true}}},{"address":"azurerm_key_vault_key.generated","mode":"managed","type":"azurerm_key_vault_key","name":"generated","provider_name":"registry.terraform.io/hashicorp/azurerm","change":{"actions":["create"],"before":null,"after":{"expiration_date":null,"key_opts":["decrypt","encrypt","sign","unwrapKey","verify","wrapKey"],"key_size":2048,"key_type":"RSA","key_vault_id":"azurerm_key_vault.test.id","name":"crtest-key","not_before_date":null,"tags":null,"timeouts":null},"after_unknown":{"curve":true,"e":true,"id":true,"key_opts":[false,false,false,false,false,false],"n":true,"version":true,"versionless_id":true,"x":true,"y":true}}},{"address":"azurerm_monitor_diagnostic_setting.diag1","mode":"managed","type":"azurerm_monitor_diagnostic_setting","name":"diag1","provider_name":"registry.terraform.io/hashicorp/azurerm","change":{"actions":["create"],"before":null,"after":{"eventhub_authorization_rule_id":null,"eventhub_name":null,"log":[{"category":"DataPlaneRequests","enabled":true,"retention_policy":[{"days":0,"enabled":true}]}],"log_analytics_destination_type":null,"log_analytics_workspace_id":null,"metric":[],"name":"crtest-cosmosdbaccdiag","storage_account_id":"azurerm_storage_account.test.id","target_resource_id":"azurerm_cosmosdb_account.db.id","timeouts":null},"after_unknown":{"id":true,"log":[{"retention_policy":[{}]}],"metric":[]}}},{"address":"azurerm_resource_group.rg","mode":"managed","type":"azurerm_resource_group","name":"rg","provider_name":"registry.terraform.io/hashicorp/azurerm","change":{"actions":["create"],"before":null,"after":{"location":"westeurope","name":"crtest-rg","tags":null,"timeouts":null},"after_unknown":{"id":true}}},{"address":"azurerm_role_assignment.storage","mode":"managed","type":"azurerm_role_assignment","name":"storage","provider_name":"registry.terraform.io/hashicorp/azurerm","change":{"actions":["create"],"before":null,"after":{"condition":null,"condition_version":null,"delegated_managed_identity_resource_id":null,"description":null,"principal_id":"c493c29b-8a45-4808-9e59-2ffaffdac141","role_definition_name":"Storage Blob Data Contributor","scope":"/subscriptions/230613d8-3b34-4790-b650-36f31045f19a","timeouts":null},"after_unknown":{"id":true,"name":true,"principal_type":true,"role_definition_id":true,"skip_service_principal_aad_check":true}}},{"address":"azurerm_storage_account.file","mode":"managed","type":"azurerm_storage_account","name":"file","provider_name":"registry.terraform.io/hashicorp/azurerm","change":{"actions":["create"],"before":null,"after":{"account_kind":"StorageV2","account_replication_type":"LRS","account_tier":"Standard","allow_blob_public_access":false,"azure_files_authentication":[],"custom_domain":[],"enable_https_traffic_only":true,"is_hns_enabled":false,"location":"westeurope","min_tls_version":"TLS1_0","name":"crteststoragfile","nfsv3_enabled":false,"resource_group_name":"crtest-rg","shared_access_key_enabled":true,"static_website":[],"tags":null,"timeouts":null},"after_unknown":{"access_tier":true,"azure_files_authentication":[],"blob_properties":true,"custom_domain":[],"id":true,"identity":true,"large_file_share_enabled":true,"network_rules":true,"primary_access_key":true,"primary_blob_connection_string":true,"primary_blob_endpoint":true,"primary_blob_host":true,"primary_connection_string":true,"primary_dfs_endpoint":true,"primary_dfs_host":true,"primary_file_endpoint":true,"primary_file_host":true,"primary_location":true,"primary_queue_endpoint":true,"primary_queue_host":true,"primary_table_endpoint":true,"primary_table_host":true,"primary_web_endpoint":true,"primary_web_host":true,"queue_properties":true,"routing":true,"secondary_access_key":true,"secondary_blob_connection_string":true,"secondary_blob_endpoint":true,"secondary_blob_host":true,"secondary_connection_string":true,"secondary_dfs_endpoint":true,"secondary_dfs_host":true,"secondary_file_endpoint":true,"secondary_file_host":true,"secondary_location":true,"secondary_queue_endpoint":true,"secondary_queue_host":true,"secondary_table_endpoint":true,"secondary_table_host":true,"secondary_web_endpoint":true,"secondary_web_host":true,"share_properties":true,"static_website":[]}}},{"address":"azurerm_storage_account.test","mode":"managed","type":"azurerm_storage_account","name":"test","provider_name":"registry.terraform.io/hashicorp/azurerm","change":{"actions":["create"],"before":null,"after":{"account_kind":"StorageV2","account_replication_type":"LRS","account_tier":"Standard","allow_blob_public_access":false,"azure_files_authentication":[],"custom_domain":[],"enable_https_traffic_only":true,"is_hns_enabled":false,"location":"westeurope","min_tls_version":"TLS1_0","nfsv3_enabled":false,"resource_group_name":"crtest-rg","shared_access_key_enabled":true,"static_website":[],"tags":null,"timeouts":null},"after_unknown":{"access_tier":true,"azure_files_authentication":[],"blob_properties":true,"custom_domain":[],"id":true,"identity":true,"large_file_share_enabled":true,"name":true,"network_rules":true,"primary_access_key":true,"primary_blob_connection_string":true,"primary_blob_endpoint":true,"primary_blob_host":true,"primary_connection_string":true,"primary_dfs_endpoint":true,"primary_dfs_host":true,"primary_file_endpoint":true,"primary_file_host":true,"primary_location":true,"primary_queue_endpoint":true,"primary_queue_host":true,"primary_table_endpoint":true,"primary_table_host":true,"primary_web_endpoint":true,"primary_web_host":true,"queue_properties":true,"routing":true,"secondary_access_key":true,"secondary_blob_connection_string":true,"secondary_blob_endpoint":true,"secondary_blob_host":true,"secondary_connection_string":true,"secondary_dfs_endpoint":true,"secondary_dfs_host":true,"secondary_file_endpoint":true,"secondary_file_host":true,"secondary_location":true,"secondary_queue_endpoint":true,"secondary_queue_host":true,"secondary_table_endpoint":true,"secondary_table_host":true,"secondary_web_endpoint":true,"secondary_web_host":true,"share_properties":true,"static_website":[]}}},{"address":"azurerm_storage_data_lake_gen2_filesystem.test","mode":"managed","type":"azurerm_storage_data_lake_gen2_filesystem","name":"test","provider_name":"registry.terraform.io/hashicorp/azurerm","change":{"actions":["create"],"before":null,"after":{"name":"crtestfile","properties":null,"storage_account_id":"azurerm_storage_account.file.id","timeouts":null},"after_unknown":{"ace":true,"id":true}}},{"address":"azurerm_synapse_workspace.test","mode":"managed","type":"azurerm_synapse_workspace","name":"test","provider_name":"registry.terraform.io/hashicorp/azurerm","change":{"actions":["create"],"before":null,"after":{"azure_devops_repo":[],"customer_managed_key":[],"data_exfiltration_protection_enabled":null,"github_repo":[],"location":"westeurope","managed_virtual_network_enabled":null,"name":"crtest-work","resource_group_name":"crtest-rg","sql_administrator_login":"sqladminuser","sql_administrator_login_password":"H@Sh1CoR3!","sql_identity_control_enabled":null,"storage_data_lake_gen2_filesystem_id":"azurerm_storage_data_lake_gen2_filesystem.test.id","tags":null,"timeouts":null},"after_unknown":{"aad_admin":true,"azure_devops_repo":[],"connectivity_endpoints":true,"customer_managed_key":[],"github_repo":[],"id":true,"identity":true,"managed_resource_group_name":true}}},{"address":"azurerm_virtual_network.test","mode":"managed","type":"azurerm_virtual_network","name":"test","provider_name":"registry.terraform.io/hashicorp/azurerm","change":{"actions":["create"],"before":null,"after":{"address_space":["10.0.0.0/16"],"bgp_community":null,"ddos_protection_plan":[],"dns_servers":["10.0.0.4","10.0.0.5"],"location":"westeurope","name":"crtest-vnet","resource_group_name":"crtest-rg","subnet":[{"address_prefix":"10.0.1.0/24","name":"subnet1","security_group":""},{"address_prefix":"10.0.2.0/24","name":"subnet2","security_group":""}],"tags":null,"timeouts":null,"vm_protection_enabled":false},"after_unknown":{"address_space":[false],"ddos_protection_plan":[],"dns_servers":[false,false],"guid":true,"id":true,"subnet":[{"id":true},{"id":true}]}}},{"address":"random_integer.ri","mode":"managed","type":"random_integer","name":"ri","provider_name":"registry.terraform.io/hashicorp/random","change":{"actions":["create"],"before":null,"after":{"keepers":null,"max":99999,"min":10000,"seed":null},"after_unknown":{"id":true,"result":true}}}],"prior_state":{"format_version":"0.1","terraform_version":"0.14.6","values":{"root_module":{"resources":[{"address":"data.azuread_service_principal.cosmosdb","mode":"data","type":"azuread_service_principal","name":"cosmosdb","provider_name":"registry.terraform.io/hashicorp/azuread","schema_version":0,"values":{"account_enabled":true,"alternative_names":[],"app_role_assignment_required":false,"app_role_ids":{},"app_roles":[],"application_id":"a232010e-820c-4083-83bb-3ace5fc29d0b","application_tenant_id":"f8cdef31-a31e-4b4a-93e4-5f571e91255a","description":"","display_name":"Azure Cosmos DB","features":[{"custom_single_sign_on_app":false,"enterprise_application":false,"gallery_application":false,"visible_to_users":true}],"homepage_url":"","id":"20b927a8-6712-488d-a2fc-6d8839b7f1e2","login_url":"","logout_url":"","notes":"","notification_email_addresses":[],"oauth2_permission_scope_ids":{"user_impersonation":"8741c20d-e8c0-41ff-8adf-b7b9ba168197"},"oauth2_permission_scopes":[{"admin_consent_description":"Allow the application to access Azure Cosmos DB on behalf of the signed-in user.","admin_consent_display_name":"Access Azure Cosmos DB","enabled":true,"id":"8741c20d-e8c0-41ff-8adf-b7b9ba168197","type":"User","user_consent_description":"Allow the application to access Azure Cosmos DB on your behalf.","user_consent_display_name":"Access Azure Cosmos DB as the Signed-in User","value":"user_impersonation"}],"object_id":"20b927a8-6712-488d-a2fc-6d8839b7f1e2","preferred_single_sign_on_mode":"","redirect_uris":[],"saml_metadata_url":"","saml_single_sign_on":[],"service_principal_names":["https://cosmos.azure.com","https://cosmos.windows-int.net","https://cosmos.windows-ppe.net"],"sign_in_audience":"AzureADMultipleOrgs","tags":[],"timeouts":null,"type":"Application"}},{"address":"data.azurerm_client_config.current","mode":"data","type":"azurerm_client_config","name":"current","provider_name":"registry.terraform.io/hashicorp/azurerm","schema_version":0,"values":{"client_id":"04b07795-8ddb-461a-bbee-02f9e1bf7b46","id":"2021-09-23 19:06:34.42401 +0000 UTC","object_id":"c493c29b-8a45-4808-9e59-2ffaffdac141","subscription_id":"230613d8-3b34-4790-b650-36f31045f19a","tenant_id":"568db8f3-e402-4c09-baa9-692e42029cc7","timeouts":null}},{"address":"data.azurerm_subscription.primary","mode":"data","type":"azurerm_subscription","name":"primary","provider_name":"registry.terraform.io/hashicorp/azurerm","schema_version":0,"values":{"display_name":"dev_alon","id":"/subscriptions/230613d8-3b34-4790-b650-36f31045f19a","location_placement_id":"Public_2014-09-01","quota_id":"Sponsored_2016-01-01","spending_limit":"Off","state":"Enabled","subscription_id":"230613d8-3b34-4790-b650-36f31045f19a","tags":{},"tenant_id":"568db8f3-e402-4c09-baa9-692e42029cc7","timeouts":null}}]}}},"configuration":{"provider_config":{"azurerm":{"name":"azurerm","expressions":{"features":[{}]}}},"root_module":{"resources":[{"address":"azurerm_cosmosdb_account.db","mode":"managed","type":"azurerm_cosmosdb_account","name":"db","provider_config_key":"azurerm","expressions":{"access_key_metadata_writes_enabled":{"constant_value":true},"analytical_storage_enabled":{"constant_value":false},"backup":[{"interval_in_minutes":{"constant_value":1440},"retention_in_hours":{"constant_value":8},"type":{"constant_value":"Periodic"}}],"capabilities":[{"name":{"constant_value":"EnableMongo"}}],"consistency_policy":[{"consistency_level":{"constant_value":"BoundedStaleness"},"max_interval_in_seconds":{"constant_value":400},"max_staleness_prefix":{"constant_value":200000}}],"cors_rule":[{"allowed_headers":{"constant_value":["exampleHeader"]},"allowed_methods":{"constant_value":["GET","HEAD"]},"allowed_origins":{"constant_value":["https://example.com"]},"exposed_headers":{"constant_value":["exampleHeader"]},"max_age_in_seconds":{"constant_value":3600}}],"enable_automatic_failover":{"constant_value":true},"enable_free_tier":{"constant_value":true},"enable_multiple_write_locations":{"constant_value":false},"geo_location":[{"failover_priority":{"constant_value":0},"location":{"references":["azurerm_resource_group.rg"]}},{"failover_priority":{"constant_value":1},"location":{"constant_value":"France Central"}}],"identity":[{"type":{"constant_value":"SystemAssigned"}}],"ip_range_filter":{"constant_value":"8.8.8.8"},"is_virtual_network_filter_enabled":{"constant_value":true},"key_vault_key_id":{"references":["azurerm_key_vault_key.generated"]},"kind":{"constant_value":"MongoDB"},"local_authentication_disabled":{"constant_value":false},"location":{"references":["azurerm_resource_group.rg"]},"mongo_server_version":{"constant_value":"4.0"},"name":{"references":["local.name","random_integer.ri"]},"network_acl_bypass_for_azure_services":{"constant_value":true},"network_acl_bypass_ids":{"references":["azurerm_synapse_workspace.test"]},"offer_type":{"constant_value":"Standard"},"public_network_access_enabled":{"constant_value":false},"resource_group_name":{"references":["azurerm_resource_group.rg"]},"tags":{"constant_value":{"env":"test"}},"virtual_network_rule":[{"id":{"references":["azurerm_virtual_network.test"]},"ignore_missing_vnet_service_endpoint":{"constant_value":true}},{"id":{"references":["azurerm_virtual_network.test"]},"ignore_missing_vnet_service_endpoint":{"constant_value":true}}]},"schema_version":0,"raw_data":{"FileName":"main.tf","StartLine":140,"EndLine":211}},{"address":"azurerm_key_vault.test","mode":"managed","type":"azurerm_key_vault","name":"test","provider_config_key":"azurerm","expressions":{"location":{"references":["azurerm_resource_group.rg"]},"name":{"references":["local.name","random_integer.ri"]},"purge_protection_enabled":{"constant_value":true},"resource_group_name":{"references":["azurerm_resource_group.rg"]},"sku_name":{"constant_value":"standard"},"soft_delete_retention_days":{"constant_value":7},"tenant_id":{"references":["data.azurerm_client_config.current"]}},"schema_version":2,"raw_data":{"FileName":"main.tf","StartLine":30,"EndLine":76}},{"address":"azurerm_key_vault_key.generated","mode":"managed","type":"azurerm_key_vault_key","name":"generated","provider_config_key":"azurerm","expressions":{"key_opts":{"constant_value":["decrypt","encrypt","sign","unwrapKey","verify","wrapKey"]},"key_size":{"constant_value":2048},"key_type":{"constant_value":"RSA"},"key_vault_id":{"references":["azurerm_key_vault.test"]},"name":{"references":["local.name"]}},"schema_version":0,"raw_data":{"FileName":"main.tf","StartLine":78,"EndLine":92}},{"address":"azurerm_monitor_diagnostic_setting.diag1","mode":"managed","type":"azurerm_monitor_diagnostic_setting","name":"diag1","provider_config_key":"azurerm","expressions":{"log":[{"category":{"constant_value":"DataPlaneRequests"},"enabled":{"constant_value":true},"retention_policy":[{"days":{"constant_value":0},"enabled":{"constant_value":true}}]}],"name":{"references":["local.name"]},"storage_account_id":{"references":["azurerm_storage_account.test"]},"target_resource_id":{"references":["azurerm_cosmosdb_account.db"]}},"schema_version":0,"raw_data":{"FileName":"main.tf","StartLine":222,"EndLine":236}},{"address":"azurerm_resource_group.rg","mode":"managed","type":"azurerm_resource_group","name":"rg","provider_config_key":"azurerm","expressions":{"location":{"constant_value":"West Europe"},"name":{"references":["local.name"]}},"schema_version":0,"raw_data":{"FileName":"main.tf","StartLine":20,"EndLine":23}},{"address":"azurerm_role_assignment.storage","mode":"managed","type":"azurerm_role_assignment","name":"storage","provider_config_key":"azurerm","expressions":{"principal_id":{"references":["data.azurerm_client_config.current"]},"role_definition_name":{"constant_value":"Storage Blob Data Contributor"},"scope":{"references":["data.azurerm_subscription.primary"]}},"schema_version":0,"raw_data":{"FileName":"main.tf","StartLine":14,"EndLine":18}},{"address":"azurerm_storage_account.file","mode":"managed","type":"azurerm_storage_account","name":"file","provider_config_key":"azurerm","expressions":{"account_kind":{"constant_value":"StorageV2"},"account_replication_type":{"constant_value":"LRS"},"account_tier":{"constant_value":"Standard"},"location":{"references":["azurerm_resource_group.rg"]},"name":{"references":["local.name"]},"resource_group_name":{"references":["azurerm_resource_group.rg"]}},"schema_version":2,"raw_data":{"FileName":"main.tf","StartLine":114,"EndLine":121}},{"address":"azurerm_storage_account.test","mode":"managed","type":"azurerm_storage_account","name":"test","provider_config_key":"azurerm","expressions":{"account_replication_type":{"constant_value":"LRS"},"account_tier":{"constant_value":"Standard"},"location":{"references":["azurerm_resource_group.rg"]},"name":{"references":["random_integer.ri"]},"resource_group_name":{"references":["azurerm_resource_group.rg"]}},"schema_version":2,"raw_data":{"FileName":"main.tf","StartLine":214,"EndLine":220}},{"address":"azurerm_storage_data_lake_gen2_filesystem.test","mode":"managed","type":"azurerm_storage_data_lake_gen2_filesystem","name":"test","provider_config_key":"azurerm","expressions":{"name":{"references":["local.name"]},"storage_account_id":{"references":["azurerm_storage_account.file"]}},"schema_version":0,"depends_on":["azurerm_role_assignment.storage"],"raw_data":{"FileName":"main.tf","StartLine":123,"EndLine":129}},{"address":"azurerm_synapse_workspace.test","mode":"managed","type":"azurerm_synapse_workspace","name":"test","provider_config_key":"azurerm","expressions":{"location":{"references":["azurerm_resource_group.rg"]},"name":{"references":["local.name"]},"resource_group_name":{"references":["azurerm_resource_group.rg"]},"sql_administrator_login":{"constant_value":"sqladminuser"},"sql_administrator_login_password":{"constant_value":"H@Sh1CoR3!"},"storage_data_lake_gen2_filesystem_id":{"references":["azurerm_storage_data_lake_gen2_filesystem.test"]}},"schema_version":0,"raw_data":{"FileName":"main.tf","StartLine":131,"EndLine":138}},{"address":"azurerm_virtual_network.test","mode":"managed","type":"azurerm_virtual_network","name":"test","provider_config_key":"azurerm","expressions":{"address_space":{"constant_value":["10.0.0.0/16"]},"dns_servers":{"constant_value":["10.0.0.4","10.0.0.5"]},"location":{"references":["azurerm_resource_group.rg"]},"name":{"references":["local.name"]},"resource_group_name":{"references":["azurerm_resource_group.rg"]}},"schema_version":0,"raw_data":{"FileName":"main.tf","StartLine":95,"EndLine":112}},{"address":"random_integer.ri","mode":"managed","type":"random_integer","name":"ri","provider_config_key":"random","expressions":{"max":{"constant_value":99999},"min":{"constant_value":10000}},"schema_version":0,"raw_data":{"FileName":"main.tf","StartLine":25,"EndLine":28}},{"address":"data.azuread_service_principal.cosmosdb","mode":"data","type":"azuread_service_principal","name":"cosmosdb","provider_config_key":"azuread","expressions":{"display_name":{"constant_value":"Azure Cosmos DB"}},"schema_version":0,"raw_data":{"FileName":"main.tf","StartLine":10,"EndLine":12}},{"address":"data.azurerm_client_config.current","mode":"data","type":"azurerm_client_config","name":"current","provider_config_key":"azurerm","schema_version":0,"raw_data":{"FileName":"main.tf","StartLine":8,"EndLine":8}},{"address":"data.azurerm_subscription.primary","mode":"data","type":"azurerm_subscription","name":"primary","provider_config_key":"azurerm","schema_version":0,"raw_data":{"FileName":"main.tf","StartLine":5,"EndLine":6}}]}}}
