{"format_version":"0.1","terraform_version":"0.14.6","planned_values":{"root_module":{"resources":[{"address":"google_container_cluster.cluster","mode":"managed","type":"google_container_cluster","name":"cluster","provider_name":"registry.terraform.io/hashicorp/google","schema_version":1,"values":{"addons_config":[{"cloudrun_config":[],"horizontal_pod_autoscaling":[],"http_load_balancing":[],"network_policy_config":[{"disabled":true}]}],"authenticator_groups_config":[{"security_group":"gke-security-groups@indeni.com"}],"cluster_autoscaling":[{"auto_provisioning_defaults":[],"enabled":false,"resource_limits":[]}],"cluster_ipv4_cidr":"10.1.0.0/20","confidential_nodes":[],"database_encryption":[{"key_name":"","state":"DECRYPTED"}],"datapath_provider":"","default_max_pods_per_node":110,"default_snat_status":[{"disabled":false}],"description":"","enable_autopilot":false,"enable_binary_authorization":false,"enable_intranode_visibility":false,"enable_kubernetes_alpha":false,"enable_legacy_abac":false,"enable_shielded_nodes":true,"enable_tpu":false,"endpoint":"34.134.35.54","id":"projects/dev-for-tests/locations/us-central1-a/clusters/kuber","initial_node_count":2,"ip_allocation_policy":[{"cluster_ipv4_cidr_block":"10.1.0.0/20","cluster_secondary_range_name":"gke-kuber-pods-a28c6664","services_ipv4_cidr_block":"10.47.208.0/20","services_secondary_range_name":"gke-kuber-services-a28c6664"}],"label_fingerprint":"631c8b50","location":"us-central1-a","logging_config":[{"enable_components":["SYSTEM_COMPONENTS","WORKLOADS"]}],"logging_service":"logging.googleapis.com/kubernetes","maintenance_policy":[],"master_auth":[{"client_certificate":"","client_certificate_config":[{"issue_client_certificate":false}],"client_key":"","cluster_ca_certificate":"LS0tLS1CRUdJTiBDRVJUSUZJQ0FURS0tLS0tCk1JSUVMVENDQXBXZ0F3SUJBZ0lSQU1Lc2szRmR4akpKOXorNDRTRmxFYkF3RFFZSktvWklodmNOQVFFTEJRQXcKTHpFdE1Dc0dBMVVFQXhNa1lUUTBOamhtWTJZdFlUWmpOaTAwTVRJeExXSmlNV010TkdNME1XRTNZV1F3WkRrNQpNQ0FYRFRJeE1URXlNVEV4TkRBek1sb1lEekl3TlRFeE1URTBNVEkwTURNeVdqQXZNUzB3S3dZRFZRUURFeVJoCk5EUTJPR1pqWmkxaE5tTTJMVFF4TWpFdFltSXhZeTAwWXpReFlUZGhaREJrT1Rrd2dnR2lNQTBHQ1NxR1NJYjMKRFFFQkFRVUFBNElCandBd2dnR0tBb0lCZ1FEQ0YvTzBxN0pjOXJlREJIVGFxcFZBOG8vYVYvSkNCOGZ0V1ZzcAoxZG01UDl0T3k2Vzl2ZXZURVo0aEVFRDh2eGNISjM5MlpWYTEwTG1qaEZBZTJMV05LYzlEZElzUnZXRzZKRWQwClJ1ZG9QVHBoSGtMMW1PRDAyUGNRaGtGZDVJckZzTVlYNlc2T1FIaUJNaTRlSkljUGNobE5rc05vMC9ZMDRINlAKWVNiVDZyNDhDSUNMbGF5ODdpaW42UFZJWkV3SEhqdnZZNWVHcGttakZNanZ3Um5McVlJM3JxcEI4R2hHQnVkdQpNbEhwQVJKYTlHeWFRZEFDUWdmajBBaXhXWWVZcHVpcnpUV3hDSWFVY2h2MU9RMDVVQmZkcWJodnZBOWVwajhYCk9XMnN3WFdqYzJoOG55am9NUlRIaUJrM0liS20wRmVPelo0TFBpU0RUeUEvbktaaWZZV3NFOENCTlJuaUEvdDQKTWtiT3hqWHM5bXdMUTFpc29wVUUyR3ZFZUdseUFlODh4M3NDRlRGcGxEbUJxb3FKYjRVeVFVblRnbnV6NkdQaQpaNTQ1UXA2SDlkdEg2NnZLRE1md043eVNjc0lQeWdEMjRPOTBjcnBKa0VpRk5mS252TEtNbVNFVGR1dlhzZWFVCjlhSjlGa2lFMHkzVjhXRGRJZG1MMkthUlJITUNBd0VBQWFOQ01FQXdEZ1lEVlIwUEFRSC9CQVFEQWdJRU1BOEcKQTFVZEV3RUIvd1FGTUFNQkFmOHdIUVlEVlIwT0JCWUVGS2QvOUNoUk9yWE5OQ3dHRFhQUzVMNlNzZS9YTUEwRwpDU3FHU0liM0RRRUJDd1VBQTRJQmdRQi9hOVRWRXh5eDA3VGl5Q3ZBcU9lckxrUzF3TVBvVGlWR0xNN1ljbUNaCjF6M2l3LzF2MTVNSGdzNXFhcmdGYThZWVJIRlFuTXB4WlMwUlZRNWtYNzI3WFVxWWVjdzVSQThERktINmgyOUkKN1ltM1ZRb3VpbE5RNFJrZVMzQkZtdThSKytqaXFLMFRXSUoxM291M3RHTVNUZHUyTDZ1U1hqOXUyT2dVNGwwLwpoQURIK1VTWTN1RkxlM1o5NUkzd0wvOExkNmlqcVNLalMzSWtoZEtwUHArYVdSQ3VFLzFPMkhGL2hyZzBabmdOCkcrQlVIZ1dTaVBPSnl6SEY2dkVjbFRCb1FkQ1NlNHQ2cVVzQUtmTUFuZWlwN3hFSjNaaDRJNUpVMWltVGpnMnEKMDNnNlpJTkh5SWZKeUhERXBxeU1BZHRxbzhKUlF0ZVFJRGdBMWFPRFBVbUVEYm1jeXh6MmtMeXc3b0NQdS9lTgpRdC9wUmJPVHJmWVl3REhHZ2x4VkR0OUloVzJmNnVyL3NSOEFvOUsxVkpIK2RJTUhqK1VBWG9GRVE4V0lqS2lkCktPNUtWZDBNZjN0OGtnREk0L3JoYUZ0OC80eWlxbStqcjhialhFWGFUREhyWmZDWnhjdFRPUmFlNFRKLzBqSHoKVWJSMnZGMkdCSUx4SVMxZ1JYcFVpY3M9Ci0tLS0tRU5EIENFUlRJRklDQVRFLS0tLS0K"}],"master_authorized_networks_config":[{"cidr_blocks":[{"cidr_block":"0.0.0.0/0","display_name":"office"}]}],"master_version":"1.21.5-gke.1302","min_master_version":null,"monitoring_config":[{"enable_components":["SYSTEM_COMPONENTS"]}],"monitoring_service":"monitoring.googleapis.com/kubernetes","name":"kuber","network":"projects/dev-for-tests/global/networks/default","network_policy":[{"enabled":false,"provider":"PROVIDER_UNSPECIFIED"}],"networking_mode":"VPC_NATIVE","node_config":[{"disk_size_gb":30,"disk_type":"pd-standard","gcfs_config":[],"guest_accelerator":[],"image_type":"COS_CONTAINERD","labels":{},"local_ssd_count":0,"machine_type":"e2-medium","metadata":{"disable-legacy-endpoints":"true"},"min_cpu_platform":"","oauth_scopes":["https://www.googleapis.com/auth/logging.write","https://www.googleapis.com/auth/monitoring"],"preemptible":true,"service_account":"default","shielded_instance_config":[{"enable_integrity_monitoring":true,"enable_secure_boot":false}],"tags":[],"taint":[],"workload_metadata_config":[]}],"node_locations":[],"node_pool":[{"autoscaling":[],"initial_node_count":2,"instance_group_urls":["https://www.googleapis.com/compute/v1/projects/dev-for-tests/zones/us-central1-a/instanceGroupManagers/gke-kuber-node-cluster-70b1c8fe-grp"],"managed_instance_group_urls":["https://www.googleapis.com/compute/v1/projects/dev-for-tests/zones/us-central1-a/instanceGroups/gke-kuber-node-cluster-70b1c8fe-grp"],"management":[{"auto_repair":true,"auto_upgrade":true}],"max_pods_per_node":110,"name":"node-cluster","name_prefix":"","node_config":[{"disk_size_gb":30,"disk_type":"pd-standard","gcfs_config":[],"guest_accelerator":[],"image_type":"COS_CONTAINERD","labels":{},"local_ssd_count":0,"machine_type":"e2-medium","metadata":{"disable-legacy-endpoints":"true"},"min_cpu_platform":"","oauth_scopes":["https://www.googleapis.com/auth/logging.write","https://www.googleapis.com/auth/monitoring"],"preemptible":true,"service_account":"default","shielded_instance_config":[{"enable_integrity_monitoring":true,"enable_secure_boot":false}],"tags":[],"taint":[],"workload_metadata_config":[]}],"node_count":2,"node_locations":["us-central1-a"],"upgrade_settings":[{"max_surge":1,"max_unavailable":0}],"version":"1.21.5-gke.1302"}],"node_version":"1.21.5-gke.1302","operation":null,"private_cluster_config":[],"private_ipv6_google_access":"","project":"dev-for-tests","release_channel":[{"channel":"REGULAR"}],"remove_default_node_pool":true,"resource_labels":{"foo_1":"bar_1"},"resource_usage_export_config":[],"self_link":"https://container.googleapis.com/v1/projects/dev-for-tests/zones/us-central1-a/clusters/kuber","services_ipv4_cidr":"10.47.208.0/20","subnetwork":"projects/dev-for-tests/regions/us-central1/subnetworks/default","timeouts":null,"tpu_ipv4_cidr_block":"","vertical_pod_autoscaling":[],"workload_identity_config":[]}},{"address":"google_container_node_pool.add_cluster","mode":"managed","type":"google_container_node_pool","name":"add_cluster","provider_name":"registry.terraform.io/hashicorp/google","schema_version":1,"values":{"autoscaling":[],"cluster":"projects/dev-for-tests/locations/us-central1-a/clusters/kuber","location":"us-central1","name":"node-cluster","node_config":[{"disk_size_gb":30,"gcfs_config":[],"machine_type":"e2-medium","min_cpu_platform":null,"preemptible":true,"tags":null}],"node_count":2,"timeouts":null}}]}},"resource_changes":[{"address":"google_container_cluster.cluster","mode":"managed","type":"google_container_cluster","name":"cluster","provider_name":"registry.terraform.io/hashicorp/google","change":{"actions":["no-op"],"before":{"addons_config":[{"cloudrun_config":[],"horizontal_pod_autoscaling":[],"http_load_balancing":[],"network_policy_config":[{"disabled":true}]}],"authenticator_groups_config":[{"security_group":"gke-security-groups@indeni.com"}],"cluster_autoscaling":[{"auto_provisioning_defaults":[],"enabled":false,"resource_limits":[]}],"cluster_ipv4_cidr":"10.1.0.0/20","confidential_nodes":[],"database_encryption":[{"key_name":"","state":"DECRYPTED"}],"datapath_provider":"","default_max_pods_per_node":110,"default_snat_status":[{"disabled":false}],"description":"","enable_autopilot":false,"enable_binary_authorization":false,"enable_intranode_visibility":false,"enable_kubernetes_alpha":false,"enable_legacy_abac":false,"enable_shielded_nodes":true,"enable_tpu":false,"endpoint":"34.134.35.54","id":"projects/dev-for-tests/locations/us-central1-a/clusters/kuber","initial_node_count":2,"ip_allocation_policy":[{"cluster_ipv4_cidr_block":"10.1.0.0/20","cluster_secondary_range_name":"gke-kuber-pods-a28c6664","services_ipv4_cidr_block":"10.47.208.0/20","services_secondary_range_name":"gke-kuber-services-a28c6664"}],"label_fingerprint":"631c8b50","location":"us-central1-a","logging_config":[{"enable_components":["SYSTEM_COMPONENTS","WORKLOADS"]}],"logging_service":"logging.googleapis.com/kubernetes","maintenance_policy":[],"master_auth":[{"client_certificate":"","client_certificate_config":[{"issue_client_certificate":false}],"client_key":"","cluster_ca_certificate":"LS0tLS1CRUdJTiBDRVJUSUZJQ0FURS0tLS0tCk1JSUVMVENDQXBXZ0F3SUJBZ0lSQU1Lc2szRmR4akpKOXorNDRTRmxFYkF3RFFZSktvWklodmNOQVFFTEJRQXcKTHpFdE1Dc0dBMVVFQXhNa1lUUTBOamhtWTJZdFlUWmpOaTAwTVRJeExXSmlNV010TkdNME1XRTNZV1F3WkRrNQpNQ0FYRFRJeE1URXlNVEV4TkRBek1sb1lEekl3TlRFeE1URTBNVEkwTURNeVdqQXZNUzB3S3dZRFZRUURFeVJoCk5EUTJPR1pqWmkxaE5tTTJMVFF4TWpFdFltSXhZeTAwWXpReFlUZGhaREJrT1Rrd2dnR2lNQTBHQ1NxR1NJYjMKRFFFQkFRVUFBNElCandBd2dnR0tBb0lCZ1FEQ0YvTzBxN0pjOXJlREJIVGFxcFZBOG8vYVYvSkNCOGZ0V1ZzcAoxZG01UDl0T3k2Vzl2ZXZURVo0aEVFRDh2eGNISjM5MlpWYTEwTG1qaEZBZTJMV05LYzlEZElzUnZXRzZKRWQwClJ1ZG9QVHBoSGtMMW1PRDAyUGNRaGtGZDVJckZzTVlYNlc2T1FIaUJNaTRlSkljUGNobE5rc05vMC9ZMDRINlAKWVNiVDZyNDhDSUNMbGF5ODdpaW42UFZJWkV3SEhqdnZZNWVHcGttakZNanZ3Um5McVlJM3JxcEI4R2hHQnVkdQpNbEhwQVJKYTlHeWFRZEFDUWdmajBBaXhXWWVZcHVpcnpUV3hDSWFVY2h2MU9RMDVVQmZkcWJodnZBOWVwajhYCk9XMnN3WFdqYzJoOG55am9NUlRIaUJrM0liS20wRmVPelo0TFBpU0RUeUEvbktaaWZZV3NFOENCTlJuaUEvdDQKTWtiT3hqWHM5bXdMUTFpc29wVUUyR3ZFZUdseUFlODh4M3NDRlRGcGxEbUJxb3FKYjRVeVFVblRnbnV6NkdQaQpaNTQ1UXA2SDlkdEg2NnZLRE1md043eVNjc0lQeWdEMjRPOTBjcnBKa0VpRk5mS252TEtNbVNFVGR1dlhzZWFVCjlhSjlGa2lFMHkzVjhXRGRJZG1MMkthUlJITUNBd0VBQWFOQ01FQXdEZ1lEVlIwUEFRSC9CQVFEQWdJRU1BOEcKQTFVZEV3RUIvd1FGTUFNQkFmOHdIUVlEVlIwT0JCWUVGS2QvOUNoUk9yWE5OQ3dHRFhQUzVMNlNzZS9YTUEwRwpDU3FHU0liM0RRRUJDd1VBQTRJQmdRQi9hOVRWRXh5eDA3VGl5Q3ZBcU9lckxrUzF3TVBvVGlWR0xNN1ljbUNaCjF6M2l3LzF2MTVNSGdzNXFhcmdGYThZWVJIRlFuTXB4WlMwUlZRNWtYNzI3WFVxWWVjdzVSQThERktINmgyOUkKN1ltM1ZRb3VpbE5RNFJrZVMzQkZtdThSKytqaXFLMFRXSUoxM291M3RHTVNUZHUyTDZ1U1hqOXUyT2dVNGwwLwpoQURIK1VTWTN1RkxlM1o5NUkzd0wvOExkNmlqcVNLalMzSWtoZEtwUHArYVdSQ3VFLzFPMkhGL2hyZzBabmdOCkcrQlVIZ1dTaVBPSnl6SEY2dkVjbFRCb1FkQ1NlNHQ2cVVzQUtmTUFuZWlwN3hFSjNaaDRJNUpVMWltVGpnMnEKMDNnNlpJTkh5SWZKeUhERXBxeU1BZHRxbzhKUlF0ZVFJRGdBMWFPRFBVbUVEYm1jeXh6MmtMeXc3b0NQdS9lTgpRdC9wUmJPVHJmWVl3REhHZ2x4VkR0OUloVzJmNnVyL3NSOEFvOUsxVkpIK2RJTUhqK1VBWG9GRVE4V0lqS2lkCktPNUtWZDBNZjN0OGtnREk0L3JoYUZ0OC80eWlxbStqcjhialhFWGFUREhyWmZDWnhjdFRPUmFlNFRKLzBqSHoKVWJSMnZGMkdCSUx4SVMxZ1JYcFVpY3M9Ci0tLS0tRU5EIENFUlRJRklDQVRFLS0tLS0K"}],"master_authorized_networks_config":[{"cidr_blocks":[{"cidr_block":"0.0.0.0/0","display_name":"office"}]}],"master_version":"1.21.5-gke.1302","min_master_version":null,"monitoring_config":[{"enable_components":["SYSTEM_COMPONENTS"]}],"monitoring_service":"monitoring.googleapis.com/kubernetes","name":"kuber","network":"projects/dev-for-tests/global/networks/default","network_policy":[{"enabled":false,"provider":"PROVIDER_UNSPECIFIED"}],"networking_mode":"VPC_NATIVE","node_config":[{"disk_size_gb":30,"disk_type":"pd-standard","gcfs_config":[],"guest_accelerator":[],"image_type":"COS_CONTAINERD","labels":{},"local_ssd_count":0,"machine_type":"e2-medium","metadata":{"disable-legacy-endpoints":"true"},"min_cpu_platform":"","oauth_scopes":["https://www.googleapis.com/auth/logging.write","https://www.googleapis.com/auth/monitoring"],"preemptible":true,"service_account":"default","shielded_instance_config":[{"enable_integrity_monitoring":true,"enable_secure_boot":false}],"tags":[],"taint":[],"workload_metadata_config":[]}],"node_locations":[],"node_pool":[{"autoscaling":[],"initial_node_count":2,"instance_group_urls":["https://www.googleapis.com/compute/v1/projects/dev-for-tests/zones/us-central1-a/instanceGroupManagers/gke-kuber-node-cluster-70b1c8fe-grp"],"managed_instance_group_urls":["https://www.googleapis.com/compute/v1/projects/dev-for-tests/zones/us-central1-a/instanceGroups/gke-kuber-node-cluster-70b1c8fe-grp"],"management":[{"auto_repair":true,"auto_upgrade":true}],"max_pods_per_node":110,"name":"node-cluster","name_prefix":"","node_config":[{"disk_size_gb":30,"disk_type":"pd-standard","gcfs_config":[],"guest_accelerator":[],"image_type":"COS_CONTAINERD","labels":{},"local_ssd_count":0,"machine_type":"e2-medium","metadata":{"disable-legacy-endpoints":"true"},"min_cpu_platform":"","oauth_scopes":["https://www.googleapis.com/auth/logging.write","https://www.googleapis.com/auth/monitoring"],"preemptible":true,"service_account":"default","shielded_instance_config":[{"enable_integrity_monitoring":true,"enable_secure_boot":false}],"tags":[],"taint":[],"workload_metadata_config":[]}],"node_count":2,"node_locations":["us-central1-a"],"upgrade_settings":[{"max_surge":1,"max_unavailable":0}],"version":"1.21.5-gke.1302"}],"node_version":"1.21.5-gke.1302","operation":null,"private_cluster_config":[],"private_ipv6_google_access":"","project":"dev-for-tests","release_channel":[{"channel":"REGULAR"}],"remove_default_node_pool":true,"resource_labels":{"foo_1":"bar_1"},"resource_usage_export_config":[],"self_link":"https://container.googleapis.com/v1/projects/dev-for-tests/zones/us-central1-a/clusters/kuber","services_ipv4_cidr":"10.47.208.0/20","subnetwork":"projects/dev-for-tests/regions/us-central1/subnetworks/default","timeouts":null,"tpu_ipv4_cidr_block":"","vertical_pod_autoscaling":[],"workload_identity_config":[]},"after":{"addons_config":[{"cloudrun_config":[],"horizontal_pod_autoscaling":[],"http_load_balancing":[],"network_policy_config":[{"disabled":true}]}],"authenticator_groups_config":[{"security_group":"gke-security-groups@indeni.com"}],"cluster_autoscaling":[{"auto_provisioning_defaults":[],"enabled":false,"resource_limits":[]}],"cluster_ipv4_cidr":"10.1.0.0/20","confidential_nodes":[],"database_encryption":[{"key_name":"","state":"DECRYPTED"}],"datapath_provider":"","default_max_pods_per_node":110,"default_snat_status":[{"disabled":false}],"description":"","enable_autopilot":false,"enable_binary_authorization":false,"enable_intranode_visibility":false,"enable_kubernetes_alpha":false,"enable_legacy_abac":false,"enable_shielded_nodes":true,"enable_tpu":false,"endpoint":"34.134.35.54","id":"projects/dev-for-tests/locations/us-central1-a/clusters/kuber","initial_node_count":2,"ip_allocation_policy":[{"cluster_ipv4_cidr_block":"10.1.0.0/20","cluster_secondary_range_name":"gke-kuber-pods-a28c6664","services_ipv4_cidr_block":"10.47.208.0/20","services_secondary_range_name":"gke-kuber-services-a28c6664"}],"label_fingerprint":"631c8b50","location":"us-central1-a","logging_config":[{"enable_components":["SYSTEM_COMPONENTS","WORKLOADS"]}],"logging_service":"logging.googleapis.com/kubernetes","maintenance_policy":[],"master_auth":[{"client_certificate":"","client_certificate_config":[{"issue_client_certificate":false}],"client_key":"","cluster_ca_certificate":"LS0tLS1CRUdJTiBDRVJUSUZJQ0FURS0tLS0tCk1JSUVMVENDQXBXZ0F3SUJBZ0lSQU1Lc2szRmR4akpKOXorNDRTRmxFYkF3RFFZSktvWklodmNOQVFFTEJRQXcKTHpFdE1Dc0dBMVVFQXhNa1lUUTBOamhtWTJZdFlUWmpOaTAwTVRJeExXSmlNV010TkdNME1XRTNZV1F3WkRrNQpNQ0FYRFRJeE1URXlNVEV4TkRBek1sb1lEekl3TlRFeE1URTBNVEkwTURNeVdqQXZNUzB3S3dZRFZRUURFeVJoCk5EUTJPR1pqWmkxaE5tTTJMVFF4TWpFdFltSXhZeTAwWXpReFlUZGhaREJrT1Rrd2dnR2lNQTBHQ1NxR1NJYjMKRFFFQkFRVUFBNElCandBd2dnR0tBb0lCZ1FEQ0YvTzBxN0pjOXJlREJIVGFxcFZBOG8vYVYvSkNCOGZ0V1ZzcAoxZG01UDl0T3k2Vzl2ZXZURVo0aEVFRDh2eGNISjM5MlpWYTEwTG1qaEZBZTJMV05LYzlEZElzUnZXRzZKRWQwClJ1ZG9QVHBoSGtMMW1PRDAyUGNRaGtGZDVJckZzTVlYNlc2T1FIaUJNaTRlSkljUGNobE5rc05vMC9ZMDRINlAKWVNiVDZyNDhDSUNMbGF5ODdpaW42UFZJWkV3SEhqdnZZNWVHcGttakZNanZ3Um5McVlJM3JxcEI4R2hHQnVkdQpNbEhwQVJKYTlHeWFRZEFDUWdmajBBaXhXWWVZcHVpcnpUV3hDSWFVY2h2MU9RMDVVQmZkcWJodnZBOWVwajhYCk9XMnN3WFdqYzJoOG55am9NUlRIaUJrM0liS20wRmVPelo0TFBpU0RUeUEvbktaaWZZV3NFOENCTlJuaUEvdDQKTWtiT3hqWHM5bXdMUTFpc29wVUUyR3ZFZUdseUFlODh4M3NDRlRGcGxEbUJxb3FKYjRVeVFVblRnbnV6NkdQaQpaNTQ1UXA2SDlkdEg2NnZLRE1md043eVNjc0lQeWdEMjRPOTBjcnBKa0VpRk5mS252TEtNbVNFVGR1dlhzZWFVCjlhSjlGa2lFMHkzVjhXRGRJZG1MMkthUlJITUNBd0VBQWFOQ01FQXdEZ1lEVlIwUEFRSC9CQVFEQWdJRU1BOEcKQTFVZEV3RUIvd1FGTUFNQkFmOHdIUVlEVlIwT0JCWUVGS2QvOUNoUk9yWE5OQ3dHRFhQUzVMNlNzZS9YTUEwRwpDU3FHU0liM0RRRUJDd1VBQTRJQmdRQi9hOVRWRXh5eDA3VGl5Q3ZBcU9lckxrUzF3TVBvVGlWR0xNN1ljbUNaCjF6M2l3LzF2MTVNSGdzNXFhcmdGYThZWVJIRlFuTXB4WlMwUlZRNWtYNzI3WFVxWWVjdzVSQThERktINmgyOUkKN1ltM1ZRb3VpbE5RNFJrZVMzQkZtdThSKytqaXFLMFRXSUoxM291M3RHTVNUZHUyTDZ1U1hqOXUyT2dVNGwwLwpoQURIK1VTWTN1RkxlM1o5NUkzd0wvOExkNmlqcVNLalMzSWtoZEtwUHArYVdSQ3VFLzFPMkhGL2hyZzBabmdOCkcrQlVIZ1dTaVBPSnl6SEY2dkVjbFRCb1FkQ1NlNHQ2cVVzQUtmTUFuZWlwN3hFSjNaaDRJNUpVMWltVGpnMnEKMDNnNlpJTkh5SWZKeUhERXBxeU1BZHRxbzhKUlF0ZVFJRGdBMWFPRFBVbUVEYm1jeXh6MmtMeXc3b0NQdS9lTgpRdC9wUmJPVHJmWVl3REhHZ2x4VkR0OUloVzJmNnVyL3NSOEFvOUsxVkpIK2RJTUhqK1VBWG9GRVE4V0lqS2lkCktPNUtWZDBNZjN0OGtnREk0L3JoYUZ0OC80eWlxbStqcjhialhFWGFUREhyWmZDWnhjdFRPUmFlNFRKLzBqSHoKVWJSMnZGMkdCSUx4SVMxZ1JYcFVpY3M9Ci0tLS0tRU5EIENFUlRJRklDQVRFLS0tLS0K"}],"master_authorized_networks_config":[{"cidr_blocks":[{"cidr_block":"0.0.0.0/0","display_name":"office"}]}],"master_version":"1.21.5-gke.1302","min_master_version":null,"monitoring_config":[{"enable_components":["SYSTEM_COMPONENTS"]}],"monitoring_service":"monitoring.googleapis.com/kubernetes","name":"kuber","network":"projects/dev-for-tests/global/networks/default","network_policy":[{"enabled":false,"provider":"PROVIDER_UNSPECIFIED"}],"networking_mode":"VPC_NATIVE","node_config":[{"disk_size_gb":30,"disk_type":"pd-standard","gcfs_config":[],"guest_accelerator":[],"image_type":"COS_CONTAINERD","labels":{},"local_ssd_count":0,"machine_type":"e2-medium","metadata":{"disable-legacy-endpoints":"true"},"min_cpu_platform":"","oauth_scopes":["https://www.googleapis.com/auth/logging.write","https://www.googleapis.com/auth/monitoring"],"preemptible":true,"service_account":"default","shielded_instance_config":[{"enable_integrity_monitoring":true,"enable_secure_boot":false}],"tags":[],"taint":[],"workload_metadata_config":[]}],"node_locations":[],"node_pool":[{"autoscaling":[],"initial_node_count":2,"instance_group_urls":["https://www.googleapis.com/compute/v1/projects/dev-for-tests/zones/us-central1-a/instanceGroupManagers/gke-kuber-node-cluster-70b1c8fe-grp"],"managed_instance_group_urls":["https://www.googleapis.com/compute/v1/projects/dev-for-tests/zones/us-central1-a/instanceGroups/gke-kuber-node-cluster-70b1c8fe-grp"],"management":[{"auto_repair":true,"auto_upgrade":true}],"max_pods_per_node":110,"name":"node-cluster","name_prefix":"","node_config":[{"disk_size_gb":30,"disk_type":"pd-standard","gcfs_config":[],"guest_accelerator":[],"image_type":"COS_CONTAINERD","labels":{},"local_ssd_count":0,"machine_type":"e2-medium","metadata":{"disable-legacy-endpoints":"true"},"min_cpu_platform":"","oauth_scopes":["https://www.googleapis.com/auth/logging.write","https://www.googleapis.com/auth/monitoring"],"preemptible":true,"service_account":"default","shielded_instance_config":[{"enable_integrity_monitoring":true,"enable_secure_boot":false}],"tags":[],"taint":[],"workload_metadata_config":[]}],"node_count":2,"node_locations":["us-central1-a"],"upgrade_settings":[{"max_surge":1,"max_unavailable":0}],"version":"1.21.5-gke.1302"}],"node_version":"1.21.5-gke.1302","operation":null,"private_cluster_config":[],"private_ipv6_google_access":"","project":"dev-for-tests","release_channel":[{"channel":"REGULAR"}],"remove_default_node_pool":true,"resource_labels":{"foo_1":"bar_1"},"resource_usage_export_config":[],"self_link":"https://container.googleapis.com/v1/projects/dev-for-tests/zones/us-central1-a/clusters/kuber","services_ipv4_cidr":"10.47.208.0/20","subnetwork":"projects/dev-for-tests/regions/us-central1/subnetworks/default","timeouts":null,"tpu_ipv4_cidr_block":"","vertical_pod_autoscaling":[],"workload_identity_config":[]},"after_unknown":{}}},{"address":"google_container_node_pool.add_cluster","mode":"managed","type":"google_container_node_pool","name":"add_cluster","provider_name":"registry.terraform.io/hashicorp/google","change":{"actions":["delete","create"],"before":{"autoscaling":[],"cluster":"projects/dev-for-tests/locations/us-central1-a/clusters/kuber","id":"projects/dev-for-tests/locations/us-central1-a/clusters/kuber/nodePools/node-cluster","initial_node_count":2,"instance_group_urls":["https://www.googleapis.com/compute/v1/projects/dev-for-tests/zones/us-central1-a/instanceGroupManagers/gke-kuber-node-cluster-70b1c8fe-grp"],"location":"us-central1-a","managed_instance_group_urls":["https://www.googleapis.com/compute/v1/projects/dev-for-tests/zones/us-central1-a/instanceGroups/gke-kuber-node-cluster-70b1c8fe-grp"],"management":[{"auto_repair":true,"auto_upgrade":true}],"max_pods_per_node":110,"name":"node-cluster","name_prefix":"","node_config":[{"disk_size_gb":30,"disk_type":"pd-standard","gcfs_config":[],"guest_accelerator":[],"image_type":"COS_CONTAINERD","labels":{},"local_ssd_count":0,"machine_type":"e2-medium","metadata":{"disable-legacy-endpoints":"true"},"min_cpu_platform":"","oauth_scopes":["https://www.googleapis.com/auth/logging.write","https://www.googleapis.com/auth/monitoring"],"preemptible":true,"service_account":"default","shielded_instance_config":[{"enable_integrity_monitoring":true,"enable_secure_boot":false}],"tags":[],"taint":[],"workload_metadata_config":[]}],"node_count":2,"node_locations":["us-central1-a"],"operation":null,"project":"dev-for-tests","timeouts":null,"upgrade_settings":[{"max_surge":1,"max_unavailable":0}],"version":"1.21.5-gke.1302"},"after":{"autoscaling":[],"cluster":"projects/dev-for-tests/locations/us-central1-a/clusters/kuber","location":"us-central1","name":"node-cluster","node_config":[{"disk_size_gb":30,"gcfs_config":[],"machine_type":"e2-medium","min_cpu_platform":null,"preemptible":true,"tags":null}],"node_count":2,"timeouts":null},"after_unknown":{"autoscaling":[],"id":true,"initial_node_count":true,"instance_group_urls":true,"managed_instance_group_urls":true,"management":true,"max_pods_per_node":true,"name_prefix":true,"node_config":[{"disk_type":true,"gcfs_config":[],"guest_accelerator":true,"image_type":true,"labels":true,"local_ssd_count":true,"metadata":true,"oauth_scopes":true,"service_account":true,"shielded_instance_config":true,"taint":true,"workload_metadata_config":true}],"node_locations":true,"operation":true,"project":true,"upgrade_settings":true,"version":true}}}],"prior_state":{"format_version":"0.1","terraform_version":"1.0.4","values":{"root_module":{"resources":[{"address":"google_container_cluster.cluster","mode":"managed","type":"google_container_cluster","name":"cluster","provider_name":"registry.terraform.io/hashicorp/google","schema_version":1,"values":{"addons_config":[{"cloudrun_config":[],"horizontal_pod_autoscaling":[],"http_load_balancing":[],"network_policy_config":[{"disabled":true}]}],"authenticator_groups_config":[{"security_group":"gke-security-groups@indeni.com"}],"cluster_autoscaling":[{"auto_provisioning_defaults":[],"enabled":false,"resource_limits":[]}],"cluster_ipv4_cidr":"10.1.0.0/20","confidential_nodes":[],"database_encryption":[{"key_name":"","state":"DECRYPTED"}],"datapath_provider":"","default_max_pods_per_node":110,"default_snat_status":[{"disabled":false}],"description":"","enable_autopilot":false,"enable_binary_authorization":false,"enable_intranode_visibility":false,"enable_kubernetes_alpha":false,"enable_legacy_abac":false,"enable_shielded_nodes":true,"enable_tpu":false,"endpoint":"34.134.35.54","id":"projects/dev-for-tests/locations/us-central1-a/clusters/kuber","initial_node_count":2,"ip_allocation_policy":[{"cluster_ipv4_cidr_block":"10.1.0.0/20","cluster_secondary_range_name":"gke-kuber-pods-a28c6664","services_ipv4_cidr_block":"10.47.208.0/20","services_secondary_range_name":"gke-kuber-services-a28c6664"}],"label_fingerprint":"631c8b50","location":"us-central1-a","logging_config":[{"enable_components":["SYSTEM_COMPONENTS","WORKLOADS"]}],"logging_service":"logging.googleapis.com/kubernetes","maintenance_policy":[],"master_auth":[{"client_certificate":"","client_certificate_config":[{"issue_client_certificate":false}],"client_key":"","cluster_ca_certificate":"LS0tLS1CRUdJTiBDRVJUSUZJQ0FURS0tLS0tCk1JSUVMVENDQXBXZ0F3SUJBZ0lSQU1Lc2szRmR4akpKOXorNDRTRmxFYkF3RFFZSktvWklodmNOQVFFTEJRQXcKTHpFdE1Dc0dBMVVFQXhNa1lUUTBOamhtWTJZdFlUWmpOaTAwTVRJeExXSmlNV010TkdNME1XRTNZV1F3WkRrNQpNQ0FYRFRJeE1URXlNVEV4TkRBek1sb1lEekl3TlRFeE1URTBNVEkwTURNeVdqQXZNUzB3S3dZRFZRUURFeVJoCk5EUTJPR1pqWmkxaE5tTTJMVFF4TWpFdFltSXhZeTAwWXpReFlUZGhaREJrT1Rrd2dnR2lNQTBHQ1NxR1NJYjMKRFFFQkFRVUFBNElCandBd2dnR0tBb0lCZ1FEQ0YvTzBxN0pjOXJlREJIVGFxcFZBOG8vYVYvSkNCOGZ0V1ZzcAoxZG01UDl0T3k2Vzl2ZXZURVo0aEVFRDh2eGNISjM5MlpWYTEwTG1qaEZBZTJMV05LYzlEZElzUnZXRzZKRWQwClJ1ZG9QVHBoSGtMMW1PRDAyUGNRaGtGZDVJckZzTVlYNlc2T1FIaUJNaTRlSkljUGNobE5rc05vMC9ZMDRINlAKWVNiVDZyNDhDSUNMbGF5ODdpaW42UFZJWkV3SEhqdnZZNWVHcGttakZNanZ3Um5McVlJM3JxcEI4R2hHQnVkdQpNbEhwQVJKYTlHeWFRZEFDUWdmajBBaXhXWWVZcHVpcnpUV3hDSWFVY2h2MU9RMDVVQmZkcWJodnZBOWVwajhYCk9XMnN3WFdqYzJoOG55am9NUlRIaUJrM0liS20wRmVPelo0TFBpU0RUeUEvbktaaWZZV3NFOENCTlJuaUEvdDQKTWtiT3hqWHM5bXdMUTFpc29wVUUyR3ZFZUdseUFlODh4M3NDRlRGcGxEbUJxb3FKYjRVeVFVblRnbnV6NkdQaQpaNTQ1UXA2SDlkdEg2NnZLRE1md043eVNjc0lQeWdEMjRPOTBjcnBKa0VpRk5mS252TEtNbVNFVGR1dlhzZWFVCjlhSjlGa2lFMHkzVjhXRGRJZG1MMkthUlJITUNBd0VBQWFOQ01FQXdEZ1lEVlIwUEFRSC9CQVFEQWdJRU1BOEcKQTFVZEV3RUIvd1FGTUFNQkFmOHdIUVlEVlIwT0JCWUVGS2QvOUNoUk9yWE5OQ3dHRFhQUzVMNlNzZS9YTUEwRwpDU3FHU0liM0RRRUJDd1VBQTRJQmdRQi9hOVRWRXh5eDA3VGl5Q3ZBcU9lckxrUzF3TVBvVGlWR0xNN1ljbUNaCjF6M2l3LzF2MTVNSGdzNXFhcmdGYThZWVJIRlFuTXB4WlMwUlZRNWtYNzI3WFVxWWVjdzVSQThERktINmgyOUkKN1ltM1ZRb3VpbE5RNFJrZVMzQkZtdThSKytqaXFLMFRXSUoxM291M3RHTVNUZHUyTDZ1U1hqOXUyT2dVNGwwLwpoQURIK1VTWTN1RkxlM1o5NUkzd0wvOExkNmlqcVNLalMzSWtoZEtwUHArYVdSQ3VFLzFPMkhGL2hyZzBabmdOCkcrQlVIZ1dTaVBPSnl6SEY2dkVjbFRCb1FkQ1NlNHQ2cVVzQUtmTUFuZWlwN3hFSjNaaDRJNUpVMWltVGpnMnEKMDNnNlpJTkh5SWZKeUhERXBxeU1BZHRxbzhKUlF0ZVFJRGdBMWFPRFBVbUVEYm1jeXh6MmtMeXc3b0NQdS9lTgpRdC9wUmJPVHJmWVl3REhHZ2x4VkR0OUloVzJmNnVyL3NSOEFvOUsxVkpIK2RJTUhqK1VBWG9GRVE4V0lqS2lkCktPNUtWZDBNZjN0OGtnREk0L3JoYUZ0OC80eWlxbStqcjhialhFWGFUREhyWmZDWnhjdFRPUmFlNFRKLzBqSHoKVWJSMnZGMkdCSUx4SVMxZ1JYcFVpY3M9Ci0tLS0tRU5EIENFUlRJRklDQVRFLS0tLS0K"}],"master_authorized_networks_config":[{"cidr_blocks":[{"cidr_block":"0.0.0.0/0","display_name":"office"}]}],"master_version":"1.21.5-gke.1302","min_master_version":null,"monitoring_config":[{"enable_components":["SYSTEM_COMPONENTS"]}],"monitoring_service":"monitoring.googleapis.com/kubernetes","name":"kuber","network":"projects/dev-for-tests/global/networks/default","network_policy":[{"enabled":false,"provider":"PROVIDER_UNSPECIFIED"}],"networking_mode":"VPC_NATIVE","node_config":[{"disk_size_gb":30,"disk_type":"pd-standard","gcfs_config":[],"guest_accelerator":[],"image_type":"COS_CONTAINERD","labels":{},"local_ssd_count":0,"machine_type":"e2-medium","metadata":{"disable-legacy-endpoints":"true"},"min_cpu_platform":"","oauth_scopes":["https://www.googleapis.com/auth/logging.write","https://www.googleapis.com/auth/monitoring"],"preemptible":true,"service_account":"default","shielded_instance_config":[{"enable_integrity_monitoring":true,"enable_secure_boot":false}],"tags":[],"taint":[],"workload_metadata_config":[]}],"node_locations":[],"node_pool":[{"autoscaling":[],"initial_node_count":2,"instance_group_urls":["https://www.googleapis.com/compute/v1/projects/dev-for-tests/zones/us-central1-a/instanceGroupManagers/gke-kuber-node-cluster-70b1c8fe-grp"],"managed_instance_group_urls":["https://www.googleapis.com/compute/v1/projects/dev-for-tests/zones/us-central1-a/instanceGroups/gke-kuber-node-cluster-70b1c8fe-grp"],"management":[{"auto_repair":true,"auto_upgrade":true}],"max_pods_per_node":110,"name":"node-cluster","name_prefix":"","node_config":[{"disk_size_gb":30,"disk_type":"pd-standard","gcfs_config":[],"guest_accelerator":[],"image_type":"COS_CONTAINERD","labels":{},"local_ssd_count":0,"machine_type":"e2-medium","metadata":{"disable-legacy-endpoints":"true"},"min_cpu_platform":"","oauth_scopes":["https://www.googleapis.com/auth/logging.write","https://www.googleapis.com/auth/monitoring"],"preemptible":true,"service_account":"default","shielded_instance_config":[{"enable_integrity_monitoring":true,"enable_secure_boot":false}],"tags":[],"taint":[],"workload_metadata_config":[]}],"node_count":2,"node_locations":["us-central1-a"],"upgrade_settings":[{"max_surge":1,"max_unavailable":0}],"version":"1.21.5-gke.1302"}],"node_version":"1.21.5-gke.1302","operation":null,"private_cluster_config":[],"private_ipv6_google_access":"","project":"dev-for-tests","release_channel":[{"channel":"REGULAR"}],"remove_default_node_pool":true,"resource_labels":{"foo_1":"bar_1"},"resource_usage_export_config":[],"self_link":"https://container.googleapis.com/v1/projects/dev-for-tests/zones/us-central1-a/clusters/kuber","services_ipv4_cidr":"10.47.208.0/20","subnetwork":"projects/dev-for-tests/regions/us-central1/subnetworks/default","timeouts":null,"tpu_ipv4_cidr_block":"","vertical_pod_autoscaling":[],"workload_identity_config":[]}},{"address":"google_container_node_pool.add_cluster","mode":"managed","type":"google_container_node_pool","name":"add_cluster","provider_name":"registry.terraform.io/hashicorp/google","schema_version":1,"values":{"autoscaling":[],"cluster":"projects/dev-for-tests/locations/us-central1-a/clusters/kuber","id":"projects/dev-for-tests/locations/us-central1-a/clusters/kuber/nodePools/node-cluster","initial_node_count":2,"instance_group_urls":["https://www.googleapis.com/compute/v1/projects/dev-for-tests/zones/us-central1-a/instanceGroupManagers/gke-kuber-node-cluster-70b1c8fe-grp"],"location":"us-central1-a","managed_instance_group_urls":["https://www.googleapis.com/compute/v1/projects/dev-for-tests/zones/us-central1-a/instanceGroups/gke-kuber-node-cluster-70b1c8fe-grp"],"management":[{"auto_repair":true,"auto_upgrade":true}],"max_pods_per_node":110,"name":"node-cluster","name_prefix":"","node_config":[{"disk_size_gb":30,"disk_type":"pd-standard","gcfs_config":[],"guest_accelerator":[],"image_type":"COS_CONTAINERD","labels":{},"local_ssd_count":0,"machine_type":"e2-medium","metadata":{"disable-legacy-endpoints":"true"},"min_cpu_platform":"","oauth_scopes":["https://www.googleapis.com/auth/logging.write","https://www.googleapis.com/auth/monitoring"],"preemptible":true,"service_account":"default","shielded_instance_config":[{"enable_integrity_monitoring":true,"enable_secure_boot":false}],"tags":[],"taint":[],"workload_metadata_config":[]}],"node_count":2,"node_locations":["us-central1-a"],"operation":null,"project":"dev-for-tests","timeouts":null,"upgrade_settings":[{"max_surge":1,"max_unavailable":0}],"version":"1.21.5-gke.1302"},"depends_on":["google_container_cluster.cluster"]}]}}},"configuration":{"provider_config":{"google":{"name":"google","expressions":{"project":{"constant_value":"dev-for-tests"}}}},"root_module":{"resources":[{"address":"google_container_cluster.cluster","mode":"managed","type":"google_container_cluster","name":"cluster","provider_config_key":"google","expressions":{"authenticator_groups_config":[{"security_group":{"constant_value":"gke-security-groups@indeni.com"}}],"enable_shielded_nodes":{"constant_value":true},"initial_node_count":{"constant_value":2},"ip_allocation_policy":[{"cluster_ipv4_cidr_block":{"constant_value":"10.1.0.0/20"}}],"location":{"constant_value":"us-central1-a"},"master_authorized_networks_config":[{"cidr_blocks":[{"cidr_block":{"constant_value":"0.0.0.0/0"},"display_name":{"constant_value":"office"}}]}],"name":{"constant_value":"kuber"},"network":{"constant_value":"default"},"remove_default_node_pool":{"constant_value":true},"resource_labels":{"constant_value":{"foo_1":"bar_1"}}},"schema_version":1,"raw_data":{"FileName":"main.tf","StartLine":1,"EndLine":24}},{"address":"google_container_node_pool.add_cluster","mode":"managed","type":"google_container_node_pool","name":"add_cluster","provider_config_key":"google","expressions":{"cluster":{"references":["google_container_cluster.cluster"]},"location":{"constant_value":"us-central1"},"name":{"constant_value":"node-cluster"},"node_config":[{"disk_size_gb":{"constant_value":"30"},"machine_type":{"constant_value":"e2-medium"},"preemptible":{"constant_value":true}}],"node_count":{"constant_value":2}},"schema_version":1,"raw_data":{"FileName":"main.tf","StartLine":25,"EndLine":36}}]}}}
