{"format_version":"0.1","terraform_version":"0.13.4","planned_values":{"root_module":{"resources":[{"address":"aws_cloudwatch_log_group.yada","mode":"managed","type":"aws_cloudwatch_log_group","name":"yada","provider_name":"registry.terraform.io/hashicorp/aws","schema_version":0,"values":{"kms_key_id":null,"name":"Yada","name_prefix":null,"retention_in_days":0,"tags":null}}]}},"resource_changes":[{"address":"aws_cloudwatch_log_group.yada","mode":"managed","type":"aws_cloudwatch_log_group","name":"yada","provider_name":"registry.terraform.io/hashicorp/aws","change":{"actions":["create"],"before":null,"after":{"kms_key_id":null,"name":"Yada","name_prefix":null,"retention_in_days":0,"tags":null},"after_unknown":{"arn":true,"id":true,"tags_all":true}}}],"configuration":{"provider_config":{"aws":{"name":"aws","expressions":{"region":{"constant_value":"us-east-1"}}}},"root_module":{"resources":[{"address":"aws_cloudwatch_log_group.yada","mode":"managed","type":"aws_cloudwatch_log_group","name":"yada","provider_config_key":"aws","expressions":{"name":{"constant_value":"Yada"}},"schema_version":0,"raw_data":{"FileName":"main.tf","StartLine":2,"EndLine":4}}]}}}
