{"format_version":"0.1","terraform_version":"0.13.4","planned_values":{"root_module":{"resources":[{"address":"azurerm_public_ip.pip","mode":"managed","type":"azurerm_public_ip","name":"pip","provider_name":"registry.terraform.io/hashicorp/azurerm","schema_version":0,"values":{"allocation_method":"Dynamic","domain_name_label":null,"idle_timeout_in_minutes":4,"ip_tags":null,"ip_version":"IPv4","location":"westeurope","name":"cr2142vgw-pip","public_ip_prefix_id":null,"resource_group_name":"cr2142vgw-RG","reverse_fqdn":null,"sku":"Basic","tags":null,"timeouts":null,"zones":null}},{"address":"azurerm_resource_group.rg","mode":"managed","type":"azurerm_resource_group","name":"rg","provider_name":"registry.terraform.io/hashicorp/azurerm","schema_version":0,"values":{"location":"westeurope","name":"cr2142vgw-RG","tags":null,"timeouts":null}},{"address":"azurerm_subnet.subnet","mode":"managed","type":"azurerm_subnet","name":"subnet","provider_name":"registry.terraform.io/hashicorp/azurerm","schema_version":0,"values":{"address_prefixes":["10.12.2.0/24"],"delegation":[],"enforce_private_link_endpoint_network_policies":false,"enforce_private_link_service_network_policies":false,"name":"GatewaySubnet","resource_group_name":"cr2142vgw-RG","service_endpoint_policy_ids":null,"service_endpoints":null,"timeouts":null,"virtual_network_name":"cr2142vgw-vnet"}},{"address":"azurerm_virtual_network.vnet","mode":"managed","type":"azurerm_virtual_network","name":"vnet","provider_name":"registry.terraform.io/hashicorp/azurerm","schema_version":0,"values":{"address_space":["10.12.0.0/16"],"bgp_community":null,"ddos_protection_plan":[],"dns_servers":null,"location":"westeurope","name":"cr2142vgw-vnet","resource_group_name":"cr2142vgw-RG","tags":null,"timeouts":null,"vm_protection_enabled":false}},{"address":"azurerm_virtual_network_gateway.vnetgw","mode":"managed","type":"azurerm_virtual_network_gateway","name":"vnetgw","provider_name":"registry.terraform.io/hashicorp/azurerm","schema_version":0,"values":{"active_active":false,"custom_route":[],"default_local_network_gateway_id":null,"enable_bgp":false,"ip_configuration":[{"name":"vnetGatewayConfig","private_ip_address_allocation":"Dynamic","public_ip_address_id":"azurerm_public_ip.pip.id","subnet_id":"azurerm_subnet.subnet.id"}],"location":"westeurope","name":"cr2142vgw-vnetgw","private_ip_address_enabled":null,"resource_group_name":"cr2142vgw-RG","sku":"Basic","tags":null,"timeouts":null,"type":"ExpressRoute","vpn_client_configuration":[],"vpn_type":"RouteBased"}}]}},"resource_changes":[{"address":"azurerm_public_ip.pip","mode":"managed","type":"azurerm_public_ip","name":"pip","provider_name":"registry.terraform.io/hashicorp/azurerm","change":{"actions":["create"],"before":null,"after":{"allocation_method":"Dynamic","domain_name_label":null,"idle_timeout_in_minutes":4,"ip_tags":null,"ip_version":"IPv4","location":"westeurope","name":"cr2142vgw-pip","public_ip_prefix_id":null,"resource_group_name":"cr2142vgw-RG","reverse_fqdn":null,"sku":"Basic","tags":null,"timeouts":null,"zones":null},"after_unknown":{"fqdn":true,"id":true,"ip_address":true}}},{"address":"azurerm_resource_group.rg","mode":"managed","type":"azurerm_resource_group","name":"rg","provider_name":"registry.terraform.io/hashicorp/azurerm","change":{"actions":["create"],"before":null,"after":{"location":"westeurope","name":"cr2142vgw-RG","tags":null,"timeouts":null},"after_unknown":{"id":true}}},{"address":"azurerm_subnet.subnet","mode":"managed","type":"azurerm_subnet","name":"subnet","provider_name":"registry.terraform.io/hashicorp/azurerm","change":{"actions":["create"],"before":null,"after":{"address_prefixes":["10.12.2.0/24"],"delegation":[],"enforce_private_link_endpoint_network_policies":false,"enforce_private_link_service_network_policies":false,"name":"GatewaySubnet","resource_group_name":"cr2142vgw-RG","service_endpoint_policy_ids":null,"service_endpoints":null,"timeouts":null,"virtual_network_name":"cr2142vgw-vnet"},"after_unknown":{"address_prefix":true,"address_prefixes":[false],"delegation":[],"id":true}}},{"address":"azurerm_virtual_network.vnet","mode":"managed","type":"azurerm_virtual_network","name":"vnet","provider_name":"registry.terraform.io/hashicorp/azurerm","change":{"actions":["create"],"before":null,"after":{"address_space":["10.12.0.0/16"],"bgp_community":null,"ddos_protection_plan":[],"dns_servers":null,"location":"westeurope","name":"cr2142vgw-vnet","resource_group_name":"cr2142vgw-RG","tags":null,"timeouts":null,"vm_protection_enabled":false},"after_unknown":{"address_space":[false],"ddos_protection_plan":[],"guid":true,"id":true,"subnet":true}}},{"address":"azurerm_virtual_network_gateway.vnetgw","mode":"managed","type":"azurerm_virtual_network_gateway","name":"vnetgw","provider_name":"registry.terraform.io/hashicorp/azurerm","change":{"actions":["create"],"before":null,"after":{"active_active":false,"custom_route":[],"default_local_network_gateway_id":null,"enable_bgp":false,"ip_configuration":[{"name":"vnetGatewayConfig","private_ip_address_allocation":"Dynamic","public_ip_address_id":"azurerm_public_ip.pip.id","subnet_id":"azurerm_subnet.subnet.id"}],"location":"westeurope","name":"cr2142vgw-vnetgw","private_ip_address_enabled":null,"resource_group_name":"cr2142vgw-RG","sku":"Basic","tags":null,"timeouts":null,"type":"ExpressRoute","vpn_client_configuration":[],"vpn_type":"RouteBased"},"after_unknown":{"bgp_settings":true,"custom_route":[],"generation":true,"id":true,"ip_configuration":[{}],"vpn_client_configuration":[]}}}],"configuration":{"provider_config":{"azurerm":{"name":"azurerm","expressions":{"features":[{}],"subscription_id":{"constant_value":"230613d8-3b34-4790-b650-36f31045f19a"}}}},"root_module":{"resources":[{"address":"azurerm_public_ip.pip","mode":"managed","type":"azurerm_public_ip","name":"pip","provider_config_key":"azurerm","expressions":{"allocation_method":{"constant_value":"Dynamic"},"location":{"references":["azurerm_resource_group.rg"]},"name":{"references":["local.resource_prefix"]},"resource_group_name":{"references":["azurerm_resource_group.rg"]}},"schema_version":0,"raw_data":{"FileName":"main.tf","StartLine":30,"EndLine":36}},{"address":"azurerm_resource_group.rg","mode":"managed","type":"azurerm_resource_group","name":"rg","provider_config_key":"azurerm","expressions":{"location":{"constant_value":"West Europe"},"name":{"references":["local.resource_prefix"]}},"schema_version":0,"raw_data":{"FileName":"main.tf","StartLine":11,"EndLine":14}},{"address":"azurerm_subnet.subnet","mode":"managed","type":"azurerm_subnet","name":"subnet","provider_config_key":"azurerm","expressions":{"address_prefixes":{"constant_value":["10.12.2.0/24"]},"name":{"constant_value":"GatewaySubnet"},"resource_group_name":{"references":["azurerm_resource_group.rg"]},"virtual_network_name":{"references":["azurerm_virtual_network.vnet"]}},"schema_version":0,"raw_data":{"FileName":"main.tf","StartLine":23,"EndLine":28}},{"address":"azurerm_virtual_network.vnet","mode":"managed","type":"azurerm_virtual_network","name":"vnet","provider_config_key":"azurerm","expressions":{"address_space":{"constant_value":["10.12.0.0/16"]},"location":{"references":["azurerm_resource_group.rg"]},"name":{"references":["local.resource_prefix"]},"resource_group_name":{"references":["azurerm_resource_group.rg"]}},"schema_version":0,"raw_data":{"FileName":"main.tf","StartLine":16,"EndLine":21}},{"address":"azurerm_virtual_network_gateway.vnetgw","mode":"managed","type":"azurerm_virtual_network_gateway","name":"vnetgw","provider_config_key":"azurerm","expressions":{"active_active":{"constant_value":false},"enable_bgp":{"constant_value":false},"ip_configuration":[{"name":{"constant_value":"vnetGatewayConfig"},"public_ip_address_id":{"references":["azurerm_public_ip.pip"]},"subnet_id":{"references":["azurerm_subnet.subnet"]}}],"location":{"references":["azurerm_resource_group.rg"]},"name":{"references":["local.resource_prefix"]},"resource_group_name":{"references":["azurerm_resource_group.rg"]},"sku":{"constant_value":"Basic"},"type":{"constant_value":"ExpressRoute"},"vpn_type":{"constant_value":"RouteBased"}},"schema_version":0,"raw_data":{"FileName":"main.tf","StartLine":38,"EndLine":57}}]}}}
