{"format_version":"0.1","terraform_version":"0.14.6","planned_values":{"root_module":{"resources":[{"address":"google_sql_database_instance.master","mode":"managed","type":"google_sql_database_instance","name":"master","provider_name":"registry.terraform.io/hashicorp/google","schema_version":0,"values":{"clone":[],"database_version":"POSTGRES_11","deletion_protection":false,"name":"my-sql-instance-labels","region":"us-central1","restore_backup_context":[],"root_password":null,"settings":[{"activation_policy":"ALWAYS","availability_type":"ZONAL","collation":null,"database_flags":[],"disk_autoresize":true,"disk_autoresize_limit":0,"disk_type":"PD_SSD","insights_config":[],"ip_configuration":[{"authorized_networks":[],"ipv4_enabled":true,"private_network":null,"require_ssl":true}],"maintenance_window":[],"pricing_plan":"PER_USE","tier":"db-f1-micro","user_labels":{"environment":"cloudrail-testing","name":"testing-labels"}}],"timeouts":null}}]}},"resource_changes":[{"address":"google_sql_database_instance.master","mode":"managed","type":"google_sql_database_instance","name":"master","provider_name":"registry.terraform.io/hashicorp/google","change":{"actions":["create"],"before":null,"after":{"clone":[],"database_version":"POSTGRES_11","deletion_protection":false,"name":"my-sql-instance-labels","region":"us-central1","restore_backup_context":[],"root_password":null,"settings":[{"activation_policy":"ALWAYS","availability_type":"ZONAL","collation":null,"database_flags":[],"disk_autoresize":true,"disk_autoresize_limit":0,"disk_type":"PD_SSD","insights_config":[],"ip_configuration":[{"authorized_networks":[],"ipv4_enabled":true,"private_network":null,"require_ssl":true}],"maintenance_window":[],"pricing_plan":"PER_USE","tier":"db-f1-micro","user_labels":{"environment":"cloudrail-testing","name":"testing-labels"}}],"timeouts":null},"after_unknown":{"clone":[],"connection_name":true,"first_ip_address":true,"id":true,"ip_address":true,"master_instance_name":true,"private_ip_address":true,"project":true,"public_ip_address":true,"replica_configuration":true,"restore_backup_context":[],"self_link":true,"server_ca_cert":true,"service_account_email_address":true,"settings":[{"backup_configuration":true,"database_flags":[],"disk_size":true,"insights_config":[],"ip_configuration":[{"authorized_networks":[]}],"location_preference":true,"maintenance_window":[],"user_labels":{},"version":true}]}}}],"configuration":{"root_module":{"resources":[{"address":"google_sql_database_instance.master","mode":"managed","type":"google_sql_database_instance","name":"master","provider_config_key":"google","expressions":{"database_version":{"constant_value":"POSTGRES_11"},"deletion_protection":{"constant_value":false},"name":{"constant_value":"my-sql-instance-labels"},"region":{"constant_value":"us-central1"},"settings":[{"ip_configuration":[{"require_ssl":{"constant_value":true}}],"tier":{"constant_value":"db-f1-micro"},"user_labels":{"constant_value":{"environment":"cloudrail-testing","name":"testing-labels"}}}]},"schema_version":0,"raw_data":{"FileName":"main.tf","StartLine":1,"EndLine":20}}]}}}
