{
  "format_version": "0.1",
  "terraform_version": "0.13.4",
  "planned_values": {
    "root_module": {
      "resources": [
        {
          "address": "aws_batch_compute_environment.sample",
          "mode": "managed",
          "type": "aws_batch_compute_environment",
          "name": "sample",
          "provider_name": "registry.terraform.io/hashicorp/aws",
          "schema_version": 0,
          "values": {
            "compute_environment_name": "sample",
            "compute_resources": [
              {
                "allocation_strategy": null,
                "bid_percentage": null,
                "desired_vcpus": null,
                "ec2_key_pair": null,
                "image_id": null,
                "instance_role": "aws_iam_instance_profile.ecs_instance_role.arn",
                "instance_type": [
                  "c4.large"
                ],
                "launch_template": [],
                "max_vcpus": 16,
                "min_vcpus": 0,
                "security_group_ids": [
                  "aws_security_group.sample.id"
                ],
                "spot_iam_fleet_role": null,
                "subnets": [
                  "aws_subnet.sample.id"
                ],
                "tags": null,
                "type": "EC2"
              }
            ],
            "service_role": "aws_iam_role.aws_batch_service_role.arn",
            "state": "ENABLED",
            "tags": null,
            "type": "UNMANAGED"
          }
        },
        {
          "address": "aws_iam_instance_profile.ecs_instance_role",
          "mode": "managed",
          "type": "aws_iam_instance_profile",
          "name": "ecs_instance_role",
          "provider_name": "registry.terraform.io/hashicorp/aws",
          "schema_version": 0,
          "values": {
            "name": "ecs_instance_role",
            "name_prefix": null,
            "path": "/",
            "role": "ecs_instance_role",
            "tags": null
          }
        },
        {
          "address": "aws_iam_role.aws_batch_service_role",
          "mode": "managed",
          "type": "aws_iam_role",
          "name": "aws_batch_service_role",
          "provider_name": "registry.terraform.io/hashicorp/aws",
          "schema_version": 0,
          "values": {
            "assume_role_policy": "{\n    \"Version\": \"2012-10-17\",\n    \"Statement\": [\n    {\n        \"Action\": \"sts:AssumeRole\",\n        \"Effect\": \"Allow\",\n        \"Principal\": {\n        \"Service\": \"batch.amazonaws.com\"\n        }\n    }\n    ]\n}\n",
            "description": null,
            "force_detach_policies": false,
            "inline_policy": [],
            "max_session_duration": 3600,
            "name": "aws_batch_service_role",
            "name_prefix": null,
            "path": "/",
            "permissions_boundary": null,
            "tags": null
          }
        },
        {
          "address": "aws_iam_role.ecs_instance_role",
          "mode": "managed",
          "type": "aws_iam_role",
          "name": "ecs_instance_role",
          "provider_name": "registry.terraform.io/hashicorp/aws",
          "schema_version": 0,
          "values": {
            "assume_role_policy": "{\n    \"Version\": \"2012-10-17\",\n    \"Statement\": [\n    {\n        \"Action\": \"sts:AssumeRole\",\n        \"Effect\": \"Allow\",\n        \"Principal\": {\n            \"Service\": \"ec2.amazonaws.com\"\n        }\n    }\n    ]\n}\n",
            "description": null,
            "force_detach_policies": false,
            "inline_policy": [],
            "max_session_duration": 3600,
            "name": "ecs_instance_role",
            "name_prefix": null,
            "path": "/",
            "permissions_boundary": null,
            "tags": null
          }
        },
        {
          "address": "aws_iam_role_policy_attachment.aws_batch_service_role",
          "mode": "managed",
          "type": "aws_iam_role_policy_attachment",
          "name": "aws_batch_service_role",
          "provider_name": "registry.terraform.io/hashicorp/aws",
          "schema_version": 0,
          "values": {
            "policy_arn": "arn:aws:iam::aws:policy/service-role/AWSBatchServiceRole",
            "role": "aws_batch_service_role"
          }
        },
        {
          "address": "aws_iam_role_policy_attachment.ecs_instance_role",
          "mode": "managed",
          "type": "aws_iam_role_policy_attachment",
          "name": "ecs_instance_role",
          "provider_name": "registry.terraform.io/hashicorp/aws",
          "schema_version": 0,
          "values": {
            "policy_arn": "arn:aws:iam::aws:policy/service-role/AmazonEC2ContainerServiceforEC2Role",
            "role": "ecs_instance_role"
          }
        },
        {
          "address": "aws_security_group.sample",
          "mode": "managed",
          "type": "aws_security_group",
          "name": "sample",
          "provider_name": "registry.terraform.io/hashicorp/aws",
          "schema_version": 1,
          "values": {
            "description": "Managed by Terraform",
            "egress": [
              {
                "cidr_blocks": [
                  "0.0.0.0/0"
                ],
                "description": null,
                "from_port": 0,
                "ipv6_cidr_blocks": null,
                "prefix_list_ids": null,
                "protocol": "-1",
                "security_groups": null,
                "self": null,
                "to_port": 0
              }
            ],
            "name": "aws_batch_compute_environment_security_group",
            "revoke_rules_on_delete": false,
            "tags": null,
            "timeouts": null
          }
        },
        {
          "address": "aws_subnet.sample",
          "mode": "managed",
          "type": "aws_subnet",
          "name": "sample",
          "provider_name": "registry.terraform.io/hashicorp/aws",
          "schema_version": 1,
          "values": {
            "assign_ipv6_address_on_creation": false,
            "cidr_block": "10.1.1.0/24",
            "customer_owned_ipv4_pool": null,
            "ipv6_cidr_block": null,
            "map_customer_owned_ip_on_launch": null,
            "map_public_ip_on_launch": false,
            "outpost_arn": null,
            "tags": null,
            "timeouts": null,
            "vpc_id": "aws_vpc.sample.id"
          }
        },
        {
          "address": "aws_vpc.sample",
          "mode": "managed",
          "type": "aws_vpc",
          "name": "sample",
          "provider_name": "registry.terraform.io/hashicorp/aws",
          "schema_version": 1,
          "values": {
            "assign_generated_ipv6_cidr_block": false,
            "cidr_block": "10.1.0.0/16",
            "enable_dns_support": true,
            "instance_tenancy": "default",
            "tags": null
          }
        }
      ]
    }
  },
  "resource_changes": [
    {
      "address": "aws_batch_compute_environment.sample",
      "mode": "managed",
      "type": "aws_batch_compute_environment",
      "name": "sample",
      "provider_name": "registry.terraform.io/hashicorp/aws",
      "change": {
        "actions": [
          "create"
        ],
        "before": null,
        "after": {
          "compute_environment_name": "sample",
          "compute_resources": [
            {
              "allocation_strategy": null,
              "bid_percentage": null,
              "desired_vcpus": null,
              "ec2_key_pair": null,
              "image_id": null,
              "instance_role": "aws_iam_instance_profile.ecs_instance_role.arn",
              "instance_type": [
                "c4.large"
              ],
              "launch_template": [],
              "max_vcpus": 16,
              "min_vcpus": 0,
              "security_group_ids": [
                "aws_security_group.sample.id"
              ],
              "spot_iam_fleet_role": null,
              "subnets": [
                "aws_subnet.sample.id"
              ],
              "tags": null,
              "type": "EC2"
            }
          ],
          "service_role": "aws_iam_role.aws_batch_service_role.arn",
          "state": "ENABLED",
          "tags": null,
          "type": "UNMANAGED"
        },
        "after_unknown": {
          "arn": true,
          "compute_environment_name_prefix": true,
          "compute_resources": [
            {
              "instance_type": [
                false
              ],
              "launch_template": [],
              "security_group_ids": [
                false
              ],
              "subnets": [
                false
              ]
            }
          ],
          "ecs_cluster_arn": true,
          "id": true,
          "status": true,
          "status_reason": true,
          "tags_all": true
        }
      }
    },
    {
      "address": "aws_iam_instance_profile.ecs_instance_role",
      "mode": "managed",
      "type": "aws_iam_instance_profile",
      "name": "ecs_instance_role",
      "provider_name": "registry.terraform.io/hashicorp/aws",
      "change": {
        "actions": [
          "create"
        ],
        "before": null,
        "after": {
          "name": "ecs_instance_role",
          "name_prefix": null,
          "path": "/",
          "role": "ecs_instance_role",
          "tags": null
        },
        "after_unknown": {
          "arn": true,
          "create_date": true,
          "id": true,
          "tags_all": true,
          "unique_id": true
        }
      }
    },
    {
      "address": "aws_iam_role.aws_batch_service_role",
      "mode": "managed",
      "type": "aws_iam_role",
      "name": "aws_batch_service_role",
      "provider_name": "registry.terraform.io/hashicorp/aws",
      "change": {
        "actions": [
          "create"
        ],
        "before": null,
        "after": {
          "assume_role_policy": "{\n    \"Version\": \"2012-10-17\",\n    \"Statement\": [\n    {\n        \"Action\": \"sts:AssumeRole\",\n        \"Effect\": \"Allow\",\n        \"Principal\": {\n        \"Service\": \"batch.amazonaws.com\"\n        }\n    }\n    ]\n}\n",
          "description": null,
          "force_detach_policies": false,
          "inline_policy": [],
          "max_session_duration": 3600,
          "name": "aws_batch_service_role",
          "name_prefix": null,
          "path": "/",
          "permissions_boundary": null,
          "tags": null
        },
        "after_unknown": {
          "arn": true,
          "create_date": true,
          "id": true,
          "inline_policy": [],
          "managed_policy_arns": true,
          "tags_all": true,
          "unique_id": true
        }
      }
    },
    {
      "address": "aws_iam_role.ecs_instance_role",
      "mode": "managed",
      "type": "aws_iam_role",
      "name": "ecs_instance_role",
      "provider_name": "registry.terraform.io/hashicorp/aws",
      "change": {
        "actions": [
          "create"
        ],
        "before": null,
        "after": {
          "assume_role_policy": "{\n    \"Version\": \"2012-10-17\",\n    \"Statement\": [\n    {\n        \"Action\": \"sts:AssumeRole\",\n        \"Effect\": \"Allow\",\n        \"Principal\": {\n            \"Service\": \"ec2.amazonaws.com\"\n        }\n    }\n    ]\n}\n",
          "description": null,
          "force_detach_policies": false,
          "inline_policy": [],
          "max_session_duration": 3600,
          "name": "ecs_instance_role",
          "name_prefix": null,
          "path": "/",
          "permissions_boundary": null,
          "tags": null
        },
        "after_unknown": {
          "arn": true,
          "create_date": true,
          "id": true,
          "inline_policy": [],
          "managed_policy_arns": true,
          "tags_all": true,
          "unique_id": true
        }
      }
    },
    {
      "address": "aws_iam_role_policy_attachment.aws_batch_service_role",
      "mode": "managed",
      "type": "aws_iam_role_policy_attachment",
      "name": "aws_batch_service_role",
      "provider_name": "registry.terraform.io/hashicorp/aws",
      "change": {
        "actions": [
          "create"
        ],
        "before": null,
        "after": {
          "policy_arn": "arn:aws:iam::aws:policy/service-role/AWSBatchServiceRole",
          "role": "aws_batch_service_role"
        },
        "after_unknown": {
          "id": true
        }
      }
    },
    {
      "address": "aws_iam_role_policy_attachment.ecs_instance_role",
      "mode": "managed",
      "type": "aws_iam_role_policy_attachment",
      "name": "ecs_instance_role",
      "provider_name": "registry.terraform.io/hashicorp/aws",
      "change": {
        "actions": [
          "create"
        ],
        "before": null,
        "after": {
          "policy_arn": "arn:aws:iam::aws:policy/service-role/AmazonEC2ContainerServiceforEC2Role",
          "role": "ecs_instance_role"
        },
        "after_unknown": {
          "id": true
        }
      }
    },
    {
      "address": "aws_security_group.sample",
      "mode": "managed",
      "type": "aws_security_group",
      "name": "sample",
      "provider_name": "registry.terraform.io/hashicorp/aws",
      "change": {
        "actions": [
          "create"
        ],
        "before": null,
        "after": {
          "description": "Managed by Terraform",
          "egress": [
            {
              "cidr_blocks": [
                "0.0.0.0/0"
              ],
              "description": null,
              "from_port": 0,
              "ipv6_cidr_blocks": null,
              "prefix_list_ids": null,
              "protocol": "-1",
              "security_groups": null,
              "self": null,
              "to_port": 0
            }
          ],
          "name": "aws_batch_compute_environment_security_group",
          "revoke_rules_on_delete": false,
          "tags": null,
          "timeouts": null
        },
        "after_unknown": {
          "arn": true,
          "egress": [
            {
              "cidr_blocks": [
                false
              ]
            }
          ],
          "id": true,
          "ingress": true,
          "name_prefix": true,
          "owner_id": true,
          "tags_all": true,
          "vpc_id": true
        }
      }
    },
    {
      "address": "aws_subnet.sample",
      "mode": "managed",
      "type": "aws_subnet",
      "name": "sample",
      "provider_name": "registry.terraform.io/hashicorp/aws",
      "change": {
        "actions": [
          "create"
        ],
        "before": null,
        "after": {
          "assign_ipv6_address_on_creation": false,
          "cidr_block": "10.1.1.0/24",
          "customer_owned_ipv4_pool": null,
          "ipv6_cidr_block": null,
          "map_customer_owned_ip_on_launch": null,
          "map_public_ip_on_launch": false,
          "outpost_arn": null,
          "tags": null,
          "timeouts": null,
          "vpc_id": "aws_vpc.sample.id"
        },
        "after_unknown": {
          "arn": true,
          "availability_zone": true,
          "availability_zone_id": true,
          "id": true,
          "ipv6_cidr_block_association_id": true,
          "owner_id": true,
          "tags_all": true
        }
      }
    },
    {
      "address": "aws_vpc.sample",
      "mode": "managed",
      "type": "aws_vpc",
      "name": "sample",
      "provider_name": "registry.terraform.io/hashicorp/aws",
      "change": {
        "actions": [
          "create"
        ],
        "before": null,
        "after": {
          "assign_generated_ipv6_cidr_block": false,
          "cidr_block": "10.1.0.0/16",
          "enable_dns_support": true,
          "instance_tenancy": "default",
          "tags": null
        },
        "after_unknown": {
          "arn": true,
          "default_network_acl_id": true,
          "default_route_table_id": true,
          "default_security_group_id": true,
          "dhcp_options_id": true,
          "enable_classiclink": true,
          "enable_classiclink_dns_support": true,
          "enable_dns_hostnames": true,
          "id": true,
          "ipv6_association_id": true,
          "ipv6_cidr_block": true,
          "main_route_table_id": true,
          "owner_id": true,
          "tags_all": true
        }
      }
    }
  ],
  "configuration": {
    "provider_config": {
      "aws": {
        "name": "aws",
        "expressions": {
          "region": {
            "constant_value": "us-east-1"
          }
        }
      }
    },
    "root_module": {
      "resources": [
        {
          "address": "aws_batch_compute_environment.sample",
          "mode": "managed",
          "type": "aws_batch_compute_environment",
          "name": "sample",
          "provider_config_key": "aws",
          "expressions": {
            "compute_environment_name": {
              "constant_value": "sample"
            },
            "compute_resources": [
              {
                "instance_role": {
                  "references": [
                    "aws_iam_instance_profile.ecs_instance_role"
                  ]
                },
                "instance_type": {
                  "constant_value": [
                    "c4.large"
                  ]
                },
                "max_vcpus": {
                  "constant_value": 16
                },
                "min_vcpus": {
                  "constant_value": 0
                },
                "security_group_ids": {
                  "references": [
                    "aws_security_group.sample"
                  ]
                },
                "subnets": {
                  "references": [
                    "aws_subnet.sample"
                  ]
                },
                "type": {
                  "constant_value": "EC2"
                }
              }
            ],
            "service_role": {
              "references": [
                "aws_iam_role.aws_batch_service_role"
              ]
            },
            "type": {
              "constant_value": "UNMANAGED"
            }
          },
          "schema_version": 0,
          "depends_on": [
            "aws_iam_role_policy_attachment.aws_batch_service_role"
          ],
          "raw_data": {
            "FileName": "main.tf",
            "StartLine": 75,
            "EndLine": 102
          }
        },
        {
          "address": "aws_iam_instance_profile.ecs_instance_role",
          "mode": "managed",
          "type": "aws_iam_instance_profile",
          "name": "ecs_instance_role",
          "provider_config_key": "aws",
          "expressions": {
            "name": {
              "constant_value": "ecs_instance_role"
            },
            "role": {
              "references": [
                "aws_iam_role.ecs_instance_role"
              ]
            }
          },
          "schema_version": 0,
          "raw_data": {
            "FileName": "main.tf",
            "StartLine": 26,
            "EndLine": 29
          }
        },
        {
          "address": "aws_iam_role.aws_batch_service_role",
          "mode": "managed",
          "type": "aws_iam_role",
          "name": "aws_batch_service_role",
          "provider_config_key": "aws",
          "expressions": {
            "assume_role_policy": {
              "constant_value": "{\n    \"Version\": \"2012-10-17\",\n    \"Statement\": [\n    {\n        \"Action\": \"sts:AssumeRole\",\n        \"Effect\": \"Allow\",\n        \"Principal\": {\n        \"Service\": \"batch.amazonaws.com\"\n        }\n    }\n    ]\n}\n"
            },
            "name": {
              "constant_value": "aws_batch_service_role"
            }
          },
          "schema_version": 0,
          "raw_data": {
            "FileName": "main.tf",
            "StartLine": 31,
            "EndLine": 48
          }
        },
        {
          "address": "aws_iam_role.ecs_instance_role",
          "mode": "managed",
          "type": "aws_iam_role",
          "name": "ecs_instance_role",
          "provider_config_key": "aws",
          "expressions": {
            "assume_role_policy": {
              "constant_value": "{\n    \"Version\": \"2012-10-17\",\n    \"Statement\": [\n    {\n        \"Action\": \"sts:AssumeRole\",\n        \"Effect\": \"Allow\",\n        \"Principal\": {\n            \"Service\": \"ec2.amazonaws.com\"\n        }\n    }\n    ]\n}\n"
            },
            "name": {
              "constant_value": "ecs_instance_role"
            }
          },
          "schema_version": 0,
          "raw_data": {
            "FileName": "main.tf",
            "StartLine": 2,
            "EndLine": 19
          }
        },
        {
          "address": "aws_iam_role_policy_attachment.aws_batch_service_role",
          "mode": "managed",
          "type": "aws_iam_role_policy_attachment",
          "name": "aws_batch_service_role",
          "provider_config_key": "aws",
          "expressions": {
            "policy_arn": {
              "constant_value": "arn:aws:iam::aws:policy/service-role/AWSBatchServiceRole"
            },
            "role": {
              "references": [
                "aws_iam_role.aws_batch_service_role"
              ]
            }
          },
          "schema_version": 0,
          "raw_data": {
            "FileName": "main.tf",
            "StartLine": 50,
            "EndLine": 53
          }
        },
        {
          "address": "aws_iam_role_policy_attachment.ecs_instance_role",
          "mode": "managed",
          "type": "aws_iam_role_policy_attachment",
          "name": "ecs_instance_role",
          "provider_config_key": "aws",
          "expressions": {
            "policy_arn": {
              "constant_value": "arn:aws:iam::aws:policy/service-role/AmazonEC2ContainerServiceforEC2Role"
            },
            "role": {
              "references": [
                "aws_iam_role.ecs_instance_role"
              ]
            }
          },
          "schema_version": 0,
          "raw_data": {
            "FileName": "main.tf",
            "StartLine": 21,
            "EndLine": 24
          }
        },
        {
          "address": "aws_security_group.sample",
          "mode": "managed",
          "type": "aws_security_group",
          "name": "sample",
          "provider_config_key": "aws",
          "expressions": {
            "name": {
              "constant_value": "aws_batch_compute_environment_security_group"
            }
          },
          "schema_version": 1,
          "raw_data": {
            "FileName": "main.tf",
            "StartLine": 55,
            "EndLine": 64
          }
        },
        {
          "address": "aws_subnet.sample",
          "mode": "managed",
          "type": "aws_subnet",
          "name": "sample",
          "provider_config_key": "aws",
          "expressions": {
            "cidr_block": {
              "constant_value": "10.1.1.0/24"
            },
            "vpc_id": {
              "references": [
                "aws_vpc.sample"
              ]
            }
          },
          "schema_version": 1,
          "raw_data": {
            "FileName": "main.tf",
            "StartLine": 70,
            "EndLine": 73
          }
        },
        {
          "address": "aws_vpc.sample",
          "mode": "managed",
          "type": "aws_vpc",
          "name": "sample",
          "provider_config_key": "aws",
          "expressions": {
            "cidr_block": {
              "constant_value": "10.1.0.0/16"
            }
          },
          "schema_version": 1,
          "raw_data": {
            "FileName": "main.tf",
            "StartLine": 66,
            "EndLine": 68
          }
        }
      ]
    }
  }
}
