{"format_version":"0.1","terraform_version":"0.14.6","planned_values":{"root_module":{"resources":[{"address":"azurerm_mssql_database.test","mode":"managed","type":"azurerm_mssql_database","name":"test","provider_name":"registry.terraform.io/hashicorp/azurerm","schema_version":1,"values":{"collation":"SQL_Latin1_General_CP1_CI_AS","create_mode":"Default","elastic_pool_id":null,"geo_backup_enabled":true,"license_type":"LicenseIncluded","max_size_gb":1,"name":"cr2523-db","recover_database_id":null,"restore_dropped_database_id":null,"server_id":"azurerm_mssql_server.sql.id","sku_name":"Basic","storage_account_type":"GRS","tags":null,"timeouts":null,"zone_redundant":false}},{"address":"azurerm_mssql_server.sql","mode":"managed","type":"azurerm_mssql_server","name":"sql","provider_name":"registry.terraform.io/hashicorp/azurerm","schema_version":0,"values":{"administrator_login":"4dm1n157r470r","administrator_login_password":"4-v3ry-53cr37-p455w0rd","azuread_administrator":[],"connection_policy":"Default","identity":[],"location":"westeurope","minimum_tls_version":null,"name":"cr2523-sqlserver","public_network_access_enabled":true,"resource_group_name":"cr2523-RG","tags":null,"timeouts":null,"version":"12.0"}},{"address":"azurerm_resource_group.rg","mode":"managed","type":"azurerm_resource_group","name":"rg","provider_name":"registry.terraform.io/hashicorp/azurerm","schema_version":0,"values":{"location":"westeurope","name":"cr2523-RG","tags":null,"timeouts":null}}]}},"resource_changes":[{"address":"azurerm_mssql_database.test","mode":"managed","type":"azurerm_mssql_database","name":"test","provider_name":"registry.terraform.io/hashicorp/azurerm","change":{"actions":["create"],"before":null,"after":{"collation":"SQL_Latin1_General_CP1_CI_AS","create_mode":"Default","elastic_pool_id":null,"geo_backup_enabled":true,"license_type":"LicenseIncluded","max_size_gb":1,"name":"cr2523-db","recover_database_id":null,"restore_dropped_database_id":null,"server_id":"azurerm_mssql_server.sql.id","sku_name":"Basic","storage_account_type":"GRS","tags":null,"timeouts":null,"zone_redundant":false},"after_unknown":{"auto_pause_delay_in_minutes":true,"creation_source_database_id":true,"extended_auditing_policy":true,"id":true,"long_term_retention_policy":true,"min_capacity":true,"read_replica_count":true,"read_scale":true,"restore_point_in_time":true,"sample_name":true,"short_term_retention_policy":true,"threat_detection_policy":true}}},{"address":"azurerm_mssql_server.sql","mode":"managed","type":"azurerm_mssql_server","name":"sql","provider_name":"registry.terraform.io/hashicorp/azurerm","change":{"actions":["create"],"before":null,"after":{"administrator_login":"4dm1n157r470r","administrator_login_password":"4-v3ry-53cr37-p455w0rd","azuread_administrator":[],"connection_policy":"Default","identity":[],"location":"westeurope","minimum_tls_version":null,"name":"cr2523-sqlserver","public_network_access_enabled":true,"resource_group_name":"cr2523-RG","tags":null,"timeouts":null,"version":"12.0"},"after_unknown":{"azuread_administrator":[],"extended_auditing_policy":true,"fully_qualified_domain_name":true,"id":true,"identity":[],"primary_user_assigned_identity_id":true,"restorable_dropped_database_ids":true}}},{"address":"azurerm_resource_group.rg","mode":"managed","type":"azurerm_resource_group","name":"rg","provider_name":"registry.terraform.io/hashicorp/azurerm","change":{"actions":["create"],"before":null,"after":{"location":"westeurope","name":"cr2523-RG","tags":null,"timeouts":null},"after_unknown":{"id":true}}}],"configuration":{"provider_config":{"azurerm":{"name":"azurerm","expressions":{"features":[{}]}}},"root_module":{"resources":[{"address":"azurerm_mssql_database.test","mode":"managed","type":"azurerm_mssql_database","name":"test","provider_config_key":"azurerm","expressions":{"collation":{"constant_value":"SQL_Latin1_General_CP1_CI_AS"},"license_type":{"constant_value":"LicenseIncluded"},"max_size_gb":{"constant_value":1},"name":{"references":["local.resource_prefix"]},"server_id":{"references":["azurerm_mssql_server.sql"]},"sku_name":{"constant_value":"Basic"},"zone_redundant":{"constant_value":false}},"schema_version":1,"raw_data":{"FileName":"main.tf","StartLine":24,"EndLine":33}},{"address":"azurerm_mssql_server.sql","mode":"managed","type":"azurerm_mssql_server","name":"sql","provider_config_key":"azurerm","expressions":{"administrator_login":{"constant_value":"4dm1n157r470r"},"administrator_login_password":{"constant_value":"4-v3ry-53cr37-p455w0rd"},"location":{"references":["azurerm_resource_group.rg"]},"name":{"references":["local.resource_prefix"]},"resource_group_name":{"references":["azurerm_resource_group.rg"]},"version":{"constant_value":"12.0"}},"schema_version":0,"raw_data":{"FileName":"main.tf","StartLine":15,"EndLine":22}},{"address":"azurerm_resource_group.rg","mode":"managed","type":"azurerm_resource_group","name":"rg","provider_config_key":"azurerm","expressions":{"location":{"constant_value":"West Europe"},"name":{"references":["local.resource_prefix"]}},"schema_version":0,"raw_data":{"FileName":"main.tf","StartLine":10,"EndLine":13}}]}}}
