{"format_version":"0.1","terraform_version":"0.13.4","planned_values":{"root_module":{"resources":[{"address":"aws_acm_certificate.example","mode":"managed","type":"aws_acm_certificate","name":"example","provider_name":"registry.terraform.io/hashicorp/aws","schema_version":0,"values":{"certificate_authority_arn":null,"certificate_body":null,"certificate_chain":null,"domain_name":"api.cloudrail-testing.com","domain_validation_options":[{"domain_name":"api.cloudrail-testing.com"}],"options":[],"private_key":null,"tags":null,"validation_method":"DNS"}},{"address":"aws_acm_certificate_validation.example","mode":"managed","type":"aws_acm_certificate_validation","name":"example","provider_name":"registry.terraform.io/hashicorp/aws","schema_version":0,"values":{"certificate_arn":"aws_acm_certificate.example.arn","timeouts":null,"validation_record_fqdns":["aws_route53_record.example.fqdn"]}},{"address":"aws_api_gateway_base_path_mapping.test","mode":"managed","type":"aws_api_gateway_base_path_mapping","name":"test","provider_name":"registry.terraform.io/hashicorp/aws","schema_version":0,"values":{"api_id":"aws_api_gateway_rest_api.api_gw.id","base_path":null,"domain_name":"api.cloudrail-testing.com","stage_name":"dev"}},{"address":"aws_api_gateway_deployment.api_gw_deploy","mode":"managed","type":"aws_api_gateway_deployment","name":"api_gw_deploy","provider_name":"registry.terraform.io/hashicorp/aws","schema_version":0,"values":{"description":null,"rest_api_id":"aws_api_gateway_rest_api.api_gw.id","stage_description":null,"stage_name":"dev","triggers":null,"variables":null}},{"address":"aws_api_gateway_domain_name.example","mode":"managed","type":"aws_api_gateway_domain_name","name":"example","provider_name":"registry.terraform.io/hashicorp/aws","schema_version":0,"values":{"certificate_arn":null,"certificate_body":null,"certificate_chain":null,"certificate_name":null,"certificate_private_key":null,"domain_name":"api.cloudrail-testing.com","endpoint_configuration":[{"types":["REGIONAL"]}],"mutual_tls_authentication":[],"regional_certificate_arn":"aws_acm_certificate.example.arn","regional_certificate_name":null,"security_policy":"TLS_1_2","tags":null}},{"address":"aws_api_gateway_integration.api_gw_int","mode":"managed","type":"aws_api_gateway_integration","name":"api_gw_int","provider_name":"registry.terraform.io/hashicorp/aws","schema_version":0,"values":{"cache_key_parameters":null,"connection_id":null,"connection_type":"INTERNET","content_handling":null,"credentials":null,"http_method":"GET","integration_http_method":null,"request_parameters":null,"request_templates":{"application/xml":"{\n   \"body\" : $input.json('$')\n}\n"},"resource_id":"aws_api_gateway_resource.api_gw_resource.id","rest_api_id":"aws_api_gateway_rest_api.api_gw.id","timeout_milliseconds":29000,"tls_config":[],"type":"MOCK","uri":null}},{"address":"aws_api_gateway_method.api_gw_method","mode":"managed","type":"aws_api_gateway_method","name":"api_gw_method","provider_name":"registry.terraform.io/hashicorp/aws","schema_version":0,"values":{"api_key_required":false,"authorization":"NONE","authorization_scopes":null,"authorizer_id":null,"http_method":"GET","operation_name":null,"request_models":null,"request_parameters":null,"request_validator_id":null,"resource_id":"aws_api_gateway_resource.api_gw_resource.id","rest_api_id":"aws_api_gateway_rest_api.api_gw.id"}},{"address":"aws_api_gateway_method_settings.api_gw_method_sett","mode":"managed","type":"aws_api_gateway_method_settings","name":"api_gw_method_sett","provider_name":"registry.terraform.io/hashicorp/aws","schema_version":0,"values":{"method_path":"mytestresource/GET","rest_api_id":"aws_api_gateway_rest_api.api_gw.id","settings":[{"cache_data_encrypted":true,"cache_ttl_in_seconds":null,"caching_enabled":true,"data_trace_enabled":null,"logging_level":"OFF","metrics_enabled":null,"require_authorization_for_cache_control":null,"throttling_burst_limit":null,"throttling_rate_limit":null,"unauthorized_cache_control_header_strategy":null}],"stage_name":"prod"}},{"address":"aws_api_gateway_resource.api_gw_resource","mode":"managed","type":"aws_api_gateway_resource","name":"api_gw_resource","provider_name":"registry.terraform.io/hashicorp/aws","schema_version":0,"values":{"parent_id":"aws_api_gateway_rest_api.api_gw.root_resource_id","path_part":"mytestresource","rest_api_id":"aws_api_gateway_rest_api.api_gw.id"}},{"address":"aws_api_gateway_rest_api.api_gw","mode":"managed","type":"aws_api_gateway_rest_api","name":"api_gw","provider_name":"registry.terraform.io/hashicorp/aws","schema_version":0,"values":{"body":null,"description":"API GW test","endpoint_configuration":[],"minimum_compression_size":-1,"name":"api-gw-cache-encrypted","parameters":null,"tags":null}},{"address":"aws_api_gateway_stage.api_gw_stage","mode":"managed","type":"aws_api_gateway_stage","name":"api_gw_stage","provider_name":"registry.terraform.io/hashicorp/aws","schema_version":0,"values":{"access_log_settings":[],"cache_cluster_enabled":null,"cache_cluster_size":null,"client_certificate_id":null,"deployment_id":"aws_api_gateway_deployment.api_gw_deploy.id","description":null,"documentation_version":null,"rest_api_id":"aws_api_gateway_rest_api.api_gw.id","stage_name":"prod","tags":null,"variables":null,"xray_tracing_enabled":null}},{"address":"aws_route53_record.example","mode":"managed","type":"aws_route53_record","name":"example","provider_name":"registry.terraform.io/hashicorp/aws","schema_version":2,"values":{"alias":[],"allow_overwrite":true,"failover_routing_policy":[],"geolocation_routing_policy":[],"health_check_id":null,"latency_routing_policy":[],"multivalue_answer_routing_policy":null,"records":[],"set_identifier":null,"ttl":60,"weighted_routing_policy":[],"zone_id":"aws_route53_zone.current.zone_id"}},{"address":"aws_route53_zone.current","mode":"managed","type":"aws_route53_zone","name":"current","provider_name":"registry.terraform.io/hashicorp/aws","schema_version":0,"values":{"comment":"Managed by Terraform","delegation_set_id":null,"force_destroy":false,"name":"cloudrail-testing.com","tags":null,"vpc":[]}}]}},"resource_changes":[{"address":"aws_acm_certificate.example","mode":"managed","type":"aws_acm_certificate","name":"example","provider_name":"registry.terraform.io/hashicorp/aws","change":{"actions":["create"],"before":null,"after":{"certificate_authority_arn":null,"certificate_body":null,"certificate_chain":null,"domain_name":"api.cloudrail-testing.com","domain_validation_options":[{"domain_name":"api.cloudrail-testing.com"}],"options":[],"private_key":null,"tags":null,"validation_method":"DNS"},"after_unknown":{"arn":true,"domain_validation_options":[{"resource_record_name":true,"resource_record_type":true,"resource_record_value":true}],"id":true,"options":[],"status":true,"subject_alternative_names":true,"tags_all":true,"validation_emails":true}}},{"address":"aws_acm_certificate_validation.example","mode":"managed","type":"aws_acm_certificate_validation","name":"example","provider_name":"registry.terraform.io/hashicorp/aws","change":{"actions":["create"],"before":null,"after":{"certificate_arn":"aws_acm_certificate.example.arn","timeouts":null,"validation_record_fqdns":["aws_route53_record.example.fqdn"]},"after_unknown":{"id":true,"validation_record_fqdns":[false]}}},{"address":"aws_api_gateway_base_path_mapping.test","mode":"managed","type":"aws_api_gateway_base_path_mapping","name":"test","provider_name":"registry.terraform.io/hashicorp/aws","change":{"actions":["create"],"before":null,"after":{"api_id":"aws_api_gateway_rest_api.api_gw.id","base_path":null,"domain_name":"api.cloudrail-testing.com","stage_name":"dev"},"after_unknown":{"id":true}}},{"address":"aws_api_gateway_deployment.api_gw_deploy","mode":"managed","type":"aws_api_gateway_deployment","name":"api_gw_deploy","provider_name":"registry.terraform.io/hashicorp/aws","change":{"actions":["create"],"before":null,"after":{"description":null,"rest_api_id":"aws_api_gateway_rest_api.api_gw.id","stage_description":null,"stage_name":"dev","triggers":null,"variables":null},"after_unknown":{"created_date":true,"execution_arn":true,"id":true,"invoke_url":true}}},{"address":"aws_api_gateway_domain_name.example","mode":"managed","type":"aws_api_gateway_domain_name","name":"example","provider_name":"registry.terraform.io/hashicorp/aws","change":{"actions":["create"],"before":null,"after":{"certificate_arn":null,"certificate_body":null,"certificate_chain":null,"certificate_name":null,"certificate_private_key":null,"domain_name":"api.cloudrail-testing.com","endpoint_configuration":[{"types":["REGIONAL"]}],"mutual_tls_authentication":[],"regional_certificate_arn":"aws_acm_certificate.example.arn","regional_certificate_name":null,"security_policy":"TLS_1_2","tags":null},"after_unknown":{"arn":true,"certificate_upload_date":true,"cloudfront_domain_name":true,"cloudfront_zone_id":true,"endpoint_configuration":[{"types":[false]}],"id":true,"mutual_tls_authentication":[],"regional_domain_name":true,"regional_zone_id":true,"tags_all":true}}},{"address":"aws_api_gateway_integration.api_gw_int","mode":"managed","type":"aws_api_gateway_integration","name":"api_gw_int","provider_name":"registry.terraform.io/hashicorp/aws","change":{"actions":["create"],"before":null,"after":{"cache_key_parameters":null,"connection_id":null,"connection_type":"INTERNET","content_handling":null,"credentials":null,"http_method":"GET","integration_http_method":null,"request_parameters":null,"request_templates":{"application/xml":"{\n   \"body\" : $input.json('$')\n}\n"},"resource_id":"aws_api_gateway_resource.api_gw_resource.id","rest_api_id":"aws_api_gateway_rest_api.api_gw.id","timeout_milliseconds":29000,"tls_config":[],"type":"MOCK","uri":null},"after_unknown":{"cache_namespace":true,"id":true,"passthrough_behavior":true,"request_templates":{},"tls_config":[]}}},{"address":"aws_api_gateway_method.api_gw_method","mode":"managed","type":"aws_api_gateway_method","name":"api_gw_method","provider_name":"registry.terraform.io/hashicorp/aws","change":{"actions":["create"],"before":null,"after":{"api_key_required":false,"authorization":"NONE","authorization_scopes":null,"authorizer_id":null,"http_method":"GET","operation_name":null,"request_models":null,"request_parameters":null,"request_validator_id":null,"resource_id":"aws_api_gateway_resource.api_gw_resource.id","rest_api_id":"aws_api_gateway_rest_api.api_gw.id"},"after_unknown":{"id":true}}},{"address":"aws_api_gateway_method_settings.api_gw_method_sett","mode":"managed","type":"aws_api_gateway_method_settings","name":"api_gw_method_sett","provider_name":"registry.terraform.io/hashicorp/aws","change":{"actions":["create"],"before":null,"after":{"method_path":"mytestresource/GET","rest_api_id":"aws_api_gateway_rest_api.api_gw.id","settings":[{"cache_data_encrypted":true,"cache_ttl_in_seconds":null,"caching_enabled":true,"data_trace_enabled":null,"logging_level":"OFF","metrics_enabled":null,"require_authorization_for_cache_control":null,"throttling_burst_limit":null,"throttling_rate_limit":null,"unauthorized_cache_control_header_strategy":null}],"stage_name":"prod"},"after_unknown":{"id":true,"settings":[{}]}}},{"address":"aws_api_gateway_resource.api_gw_resource","mode":"managed","type":"aws_api_gateway_resource","name":"api_gw_resource","provider_name":"registry.terraform.io/hashicorp/aws","change":{"actions":["create"],"before":null,"after":{"parent_id":"aws_api_gateway_rest_api.api_gw.root_resource_id","path_part":"mytestresource","rest_api_id":"aws_api_gateway_rest_api.api_gw.id"},"after_unknown":{"id":true,"path":true}}},{"address":"aws_api_gateway_rest_api.api_gw","mode":"managed","type":"aws_api_gateway_rest_api","name":"api_gw","provider_name":"registry.terraform.io/hashicorp/aws","change":{"actions":["create"],"before":null,"after":{"body":null,"description":"API GW test","endpoint_configuration":[],"minimum_compression_size":-1,"name":"api-gw-cache-encrypted","parameters":null,"tags":null},"after_unknown":{"api_key_source":true,"arn":true,"binary_media_types":true,"created_date":true,"disable_execute_api_endpoint":true,"endpoint_configuration":[],"execution_arn":true,"id":true,"policy":true,"root_resource_id":true,"tags_all":true}}},{"address":"aws_api_gateway_stage.api_gw_stage","mode":"managed","type":"aws_api_gateway_stage","name":"api_gw_stage","provider_name":"registry.terraform.io/hashicorp/aws","change":{"actions":["create"],"before":null,"after":{"access_log_settings":[],"cache_cluster_enabled":null,"cache_cluster_size":null,"client_certificate_id":null,"deployment_id":"aws_api_gateway_deployment.api_gw_deploy.id","description":null,"documentation_version":null,"rest_api_id":"aws_api_gateway_rest_api.api_gw.id","stage_name":"prod","tags":null,"variables":null,"xray_tracing_enabled":null},"after_unknown":{"access_log_settings":[],"arn":true,"execution_arn":true,"id":true,"invoke_url":true,"tags_all":true}}},{"address":"aws_route53_record.example","mode":"managed","type":"aws_route53_record","name":"example","provider_name":"registry.terraform.io/hashicorp/aws","change":{"actions":["create"],"before":null,"after":{"alias":[],"allow_overwrite":true,"failover_routing_policy":[],"geolocation_routing_policy":[],"health_check_id":null,"latency_routing_policy":[],"multivalue_answer_routing_policy":null,"records":[],"set_identifier":null,"ttl":60,"weighted_routing_policy":[],"zone_id":"aws_route53_zone.current.zone_id"},"after_unknown":{"alias":[],"failover_routing_policy":[],"fqdn":true,"geolocation_routing_policy":[],"id":true,"latency_routing_policy":[],"name":true,"records":[true],"type":true,"weighted_routing_policy":[]}}},{"address":"aws_route53_zone.current","mode":"managed","type":"aws_route53_zone","name":"current","provider_name":"registry.terraform.io/hashicorp/aws","change":{"actions":["create"],"before":null,"after":{"comment":"Managed by Terraform","delegation_set_id":null,"force_destroy":false,"name":"cloudrail-testing.com","tags":null,"vpc":[]},"after_unknown":{"id":true,"name_servers":true,"tags_all":true,"vpc":[],"zone_id":true}}}],"configuration":{"provider_config":{"aws":{"name":"aws","expressions":{"region":{"constant_value":"us-east-1"}}}},"root_module":{"resources":[{"address":"aws_acm_certificate.example","mode":"managed","type":"aws_acm_certificate","name":"example","provider_config_key":"aws","expressions":{"domain_name":{"references":["local.api_gw_name"]},"validation_method":{"constant_value":"DNS"}},"schema_version":0,"raw_data":{"FileName":"main.tf","StartLine":19,"EndLine":22}},{"address":"aws_acm_certificate_validation.example","mode":"managed","type":"aws_acm_certificate_validation","name":"example","provider_config_key":"aws","expressions":{"certificate_arn":{"references":["aws_acm_certificate.example"]},"validation_record_fqdns":{"references":["aws_route53_record.example"]}},"schema_version":0,"raw_data":{"FileName":"main.tf","StartLine":24,"EndLine":27}},{"address":"aws_api_gateway_base_path_mapping.test","mode":"managed","type":"aws_api_gateway_base_path_mapping","name":"test","provider_config_key":"aws","expressions":{"api_id":{"references":["aws_api_gateway_rest_api.api_gw"]},"domain_name":{"references":["aws_api_gateway_domain_name.example"]},"stage_name":{"references":["aws_api_gateway_deployment.api_gw_deploy"]}},"schema_version":0,"raw_data":{"FileName":"main.tf","StartLine":29,"EndLine":33}},{"address":"aws_api_gateway_deployment.api_gw_deploy","mode":"managed","type":"aws_api_gateway_deployment","name":"api_gw_deploy","provider_config_key":"aws","expressions":{"rest_api_id":{"references":["aws_api_gateway_rest_api.api_gw"]},"stage_name":{"constant_value":"dev"}},"schema_version":0,"depends_on":["aws_api_gateway_integration.api_gw_int"],"raw_data":{"FileName":"main.tf","StartLine":40,"EndLine":44}},{"address":"aws_api_gateway_domain_name.example","mode":"managed","type":"aws_api_gateway_domain_name","name":"example","provider_config_key":"aws","expressions":{"domain_name":{"references":["local.api_gw_name"]},"endpoint_configuration":[{"types":{"constant_value":["REGIONAL"]}}],"regional_certificate_arn":{"references":["aws_acm_certificate_validation.example"]},"security_policy":{"constant_value":"TLS_1_2"}},"schema_version":0,"raw_data":{"FileName":"main.tf","StartLine":91,"EndLine":100}},{"address":"aws_api_gateway_integration.api_gw_int","mode":"managed","type":"aws_api_gateway_integration","name":"api_gw_int","provider_config_key":"aws","expressions":{"http_method":{"references":["aws_api_gateway_method.api_gw_method"]},"request_templates":{"constant_value":{"application/xml":"{\n   \"body\" : $input.json('$')\n}\n"}},"resource_id":{"references":["aws_api_gateway_resource.api_gw_resource"]},"rest_api_id":{"references":["aws_api_gateway_rest_api.api_gw"]},"type":{"constant_value":"MOCK"}},"schema_version":0,"raw_data":{"FileName":"main.tf","StartLine":59,"EndLine":72}},{"address":"aws_api_gateway_method.api_gw_method","mode":"managed","type":"aws_api_gateway_method","name":"api_gw_method","provider_config_key":"aws","expressions":{"authorization":{"constant_value":"NONE"},"http_method":{"constant_value":"GET"},"resource_id":{"references":["aws_api_gateway_resource.api_gw_resource"]},"rest_api_id":{"references":["aws_api_gateway_rest_api.api_gw"]}},"schema_version":0,"raw_data":{"FileName":"main.tf","StartLine":52,"EndLine":57}},{"address":"aws_api_gateway_method_settings.api_gw_method_sett","mode":"managed","type":"aws_api_gateway_method_settings","name":"api_gw_method_sett","provider_config_key":"aws","expressions":{"method_path":{"references":["aws_api_gateway_resource.api_gw_resource","aws_api_gateway_method.api_gw_method"]},"rest_api_id":{"references":["aws_api_gateway_rest_api.api_gw"]},"settings":[{"cache_data_encrypted":{"constant_value":true},"caching_enabled":{"constant_value":true},"logging_level":{"constant_value":"OFF"}}],"stage_name":{"references":["aws_api_gateway_stage.api_gw_stage"]}},"schema_version":0,"raw_data":{"FileName":"main.tf","StartLine":80,"EndLine":90}},{"address":"aws_api_gateway_resource.api_gw_resource","mode":"managed","type":"aws_api_gateway_resource","name":"api_gw_resource","provider_config_key":"aws","expressions":{"parent_id":{"references":["aws_api_gateway_rest_api.api_gw"]},"path_part":{"constant_value":"mytestresource"},"rest_api_id":{"references":["aws_api_gateway_rest_api.api_gw"]}},"schema_version":0,"raw_data":{"FileName":"main.tf","StartLine":46,"EndLine":50}},{"address":"aws_api_gateway_rest_api.api_gw","mode":"managed","type":"aws_api_gateway_rest_api","name":"api_gw","provider_config_key":"aws","expressions":{"description":{"constant_value":"API GW test"},"name":{"constant_value":"api-gw-cache-encrypted"}},"schema_version":0,"raw_data":{"FileName":"main.tf","StartLine":35,"EndLine":38}},{"address":"aws_api_gateway_stage.api_gw_stage","mode":"managed","type":"aws_api_gateway_stage","name":"api_gw_stage","provider_config_key":"aws","expressions":{"deployment_id":{"references":["aws_api_gateway_deployment.api_gw_deploy"]},"rest_api_id":{"references":["aws_api_gateway_rest_api.api_gw"]},"stage_name":{"constant_value":"prod"}},"schema_version":0,"raw_data":{"FileName":"main.tf","StartLine":74,"EndLine":78}},{"address":"aws_route53_record.example","mode":"managed","type":"aws_route53_record","name":"example","provider_config_key":"aws","expressions":{"allow_overwrite":{"constant_value":true},"name":{"references":["aws_acm_certificate.example"]},"records":{"references":["aws_acm_certificate.example"]},"ttl":{"constant_value":60},"type":{"references":["aws_acm_certificate.example"]},"zone_id":{"references":["local.zone_id"]}},"schema_version":2,"raw_data":{"FileName":"main.tf","StartLine":10,"EndLine":17}},{"address":"aws_route53_zone.current","mode":"managed","type":"aws_route53_zone","name":"current","provider_config_key":"aws","expressions":{"name":{"constant_value":"cloudrail-testing.com"}},"schema_version":0,"raw_data":{"FileName":"main.tf","StartLine":6,"EndLine":8}}]}}}
