{"format_version":"0.1","terraform_version":"0.14.6","planned_values":{"root_module":{"resources":[{"address":"azurerm_app_service_plan.svcplanconsumption","mode":"managed","type":"azurerm_app_service_plan","name":"svcplanconsumption","provider_name":"registry.terraform.io/hashicorp/azurerm","schema_version":0,"values":{"app_service_environment_id":null,"is_xenon":null,"kind":"Linux","location":"westeurope","name":"cr2152py39-service-plan","per_site_scaling":null,"reserved":true,"resource_group_name":"cr2152py39-RG","sku":[{"size":"Y1","tier":"Dynamic"}],"tags":null,"timeouts":null,"zone_redundant":null}},{"address":"azurerm_function_app.functionapp","mode":"managed","type":"azurerm_function_app","name":"functionapp","provider_name":"registry.terraform.io/hashicorp/azurerm","schema_version":0,"values":{"app_service_plan_id":"azurerm_app_service_plan.svcplanconsumption.id","app_settings":{"FUNCTIONS_WORKER_RUNTIME":"python"},"auth_settings":[{"active_directory":[],"additional_login_params":{},"allowed_external_redirect_urls":[],"default_provider":"","enabled":false,"facebook":[],"google":[],"issuer":"","microsoft":[],"runtime_version":"","token_refresh_extension_hours":0,"token_store_enabled":false,"twitter":[],"unauthenticated_client_action":""}],"client_affinity_enabled":false,"client_cert_mode":"","connection_string":[],"custom_domain_verification_id":"A4FACED29814C7AA04D73663AA10DE02BBDEB628C6E55A71AD532678A0A8EBA3","daily_memory_time_quota":0,"default_hostname":"cr2152py39-functionapp.azurewebsites.net","enable_builtin_logging":true,"enabled":true,"https_only":false,"id":"/subscriptions/230613d8-3b34-4790-b650-36f31045f19a/resourceGroups/cr2152py39-RG/providers/Microsoft.Web/sites/cr2152py39-functionapp","identity":[],"kind":"functionapp,linux","location":"westeurope","name":"cr2152py39-functionapp","os_type":"linux","outbound_ip_addresses":"13.69.68.43,13.94.143.214,13.94.150.186,13.94.151.22,13.69.121.116","possible_outbound_ip_addresses":"13.69.68.43,13.94.143.214,13.94.150.186,13.94.151.22,13.69.121.116,13.94.137.26,40.68.188.89,13.94.142.40,13.94.144.225,104.214.221.75","resource_group_name":"cr2152py39-RG","site_config":[{"always_on":false,"app_scale_limit":200,"auto_swap_slot_name":"","cors":[],"dotnet_framework_version":"v4.0","elastic_instance_minimum":0,"ftps_state":"AllAllowed","health_check_path":"","http2_enabled":false,"ip_restriction":[],"java_version":"","linux_fx_version":"","min_tls_version":"1.2","pre_warmed_instance_count":0,"runtime_scale_monitoring_enabled":false,"scm_ip_restriction":[],"scm_type":"None","scm_use_main_ip_restriction":false,"use_32_bit_worker_process":false,"vnet_route_all_enabled":false,"websockets_enabled":false}],"site_credential":[{"password":"P8HukrjQPWqb26HZRXopQzhMbRy24vsGkdLrv7zq7sW7sAYkeqbCnZ2Qqz2r","username":"$cr2152py39-functionapp"}],"source_control":[{"branch":"master","manual_integration":false,"repo_url":"","rollback_enabled":false,"use_mercurial":false}],"storage_account_access_key":"PrdHm5DM+2rcK9Zjm0gIqRInHt0Me062RdOr8wX64L8iGaA+wJXfJikd0my/wTyt9MLJnAL6vZ5egdgOq7wo+A==","storage_account_name":"cr2152py39funapptstsa","storage_connection_string":"DefaultEndpointsProtocol=https;AccountName=cr2152py39funapptstsa;AccountKey=PrdHm5DM+2rcK9Zjm0gIqRInHt0Me062RdOr8wX64L8iGaA+wJXfJikd0my/wTyt9MLJnAL6vZ5egdgOq7wo+A==;EndpointSuffix=core.windows.net","tags":{},"timeouts":null,"version":"~3"}},{"address":"azurerm_resource_group.rg","mode":"managed","type":"azurerm_resource_group","name":"rg","provider_name":"registry.terraform.io/hashicorp/azurerm","schema_version":0,"values":{"id":"/subscriptions/230613d8-3b34-4790-b650-36f31045f19a/resourceGroups/cr2152py39-RG","location":"westeurope","name":"cr2152py39-RG","tags":{},"timeouts":null}},{"address":"azurerm_storage_account.storacc","mode":"managed","type":"azurerm_storage_account","name":"storacc","provider_name":"registry.terraform.io/hashicorp/azurerm","schema_version":2,"values":{"access_tier":"Hot","account_kind":"StorageV2","account_replication_type":"LRS","account_tier":"Standard","allow_blob_public_access":false,"azure_files_authentication":[],"blob_properties":[{"change_feed_enabled":false,"container_delete_retention_policy":[],"cors_rule":[],"default_service_version":"","delete_retention_policy":[],"last_access_time_enabled":false,"versioning_enabled":false}],"custom_domain":[],"enable_https_traffic_only":true,"id":"/subscriptions/230613d8-3b34-4790-b650-36f31045f19a/resourceGroups/cr2152py39-RG/providers/Microsoft.Storage/storageAccounts/cr2152py39funapptstsa","identity":[],"is_hns_enabled":false,"large_file_share_enabled":null,"location":"westeurope","min_tls_version":"TLS1_0","name":"cr2152py39funapptstsa","network_rules":[{"bypass":["AzureServices"],"default_action":"Allow","ip_rules":[],"private_link_access":[],"virtual_network_subnet_ids":[]}],"nfsv3_enabled":false,"primary_access_key":"PrdHm5DM+2rcK9Zjm0gIqRInHt0Me062RdOr8wX64L8iGaA+wJXfJikd0my/wTyt9MLJnAL6vZ5egdgOq7wo+A==","primary_blob_connection_string":"DefaultEndpointsProtocol=https;BlobEndpoint=https://cr2152py39funapptstsa.blob.core.windows.net/;AccountName=cr2152py39funapptstsa;AccountKey=PrdHm5DM+2rcK9Zjm0gIqRInHt0Me062RdOr8wX64L8iGaA+wJXfJikd0my/wTyt9MLJnAL6vZ5egdgOq7wo+A==","primary_blob_endpoint":"https://cr2152py39funapptstsa.blob.core.windows.net/","primary_blob_host":"cr2152py39funapptstsa.blob.core.windows.net","primary_connection_string":"DefaultEndpointsProtocol=https;AccountName=cr2152py39funapptstsa;AccountKey=PrdHm5DM+2rcK9Zjm0gIqRInHt0Me062RdOr8wX64L8iGaA+wJXfJikd0my/wTyt9MLJnAL6vZ5egdgOq7wo+A==;EndpointSuffix=core.windows.net","primary_dfs_endpoint":"https://cr2152py39funapptstsa.dfs.core.windows.net/","primary_dfs_host":"cr2152py39funapptstsa.dfs.core.windows.net","primary_file_endpoint":"https://cr2152py39funapptstsa.file.core.windows.net/","primary_file_host":"cr2152py39funapptstsa.file.core.windows.net","primary_location":"westeurope","primary_queue_endpoint":"https://cr2152py39funapptstsa.queue.core.windows.net/","primary_queue_host":"cr2152py39funapptstsa.queue.core.windows.net","primary_table_endpoint":"https://cr2152py39funapptstsa.table.core.windows.net/","primary_table_host":"cr2152py39funapptstsa.table.core.windows.net","primary_web_endpoint":"https://cr2152py39funapptstsa.z6.web.core.windows.net/","primary_web_host":"cr2152py39funapptstsa.z6.web.core.windows.net","queue_properties":[{"cors_rule":[],"hour_metrics":[{"enabled":true,"include_apis":true,"retention_policy_days":7,"version":"1.0"}],"logging":[{"delete":false,"read":false,"retention_policy_days":0,"version":"1.0","write":false}],"minute_metrics":[{"enabled":false,"include_apis":false,"retention_policy_days":0,"version":"1.0"}]}],"resource_group_name":"cr2152py39-RG","routing":[],"secondary_access_key":"KQAJkCiksyvGNn/IC8Dyc+QgX0qGZOzNAfrYgPeKIr0OCPs2YCFr6o1tNdkbrCOcRKaZqi18DLmZC2rTHi0RbQ==","secondary_blob_connection_string":"","secondary_blob_endpoint":null,"secondary_blob_host":null,"secondary_connection_string":"DefaultEndpointsProtocol=https;AccountName=cr2152py39funapptstsa;AccountKey=KQAJkCiksyvGNn/IC8Dyc+QgX0qGZOzNAfrYgPeKIr0OCPs2YCFr6o1tNdkbrCOcRKaZqi18DLmZC2rTHi0RbQ==;EndpointSuffix=core.windows.net","secondary_dfs_endpoint":null,"secondary_dfs_host":null,"secondary_file_endpoint":null,"secondary_file_host":null,"secondary_location":"","secondary_queue_endpoint":null,"secondary_queue_host":null,"secondary_table_endpoint":null,"secondary_table_host":null,"secondary_web_endpoint":null,"secondary_web_host":null,"share_properties":[{"cors_rule":[],"retention_policy":[{"days":7}],"smb":[]}],"shared_access_key_enabled":true,"static_website":[],"tags":{},"timeouts":null}}]}},"resource_changes":[{"address":"azurerm_app_service_plan.svcplanconsumption","mode":"managed","type":"azurerm_app_service_plan","name":"svcplanconsumption","provider_name":"registry.terraform.io/hashicorp/azurerm","change":{"actions":["delete","create"],"before":{"app_service_environment_id":"","id":"/subscriptions/230613d8-3b34-4790-b650-36f31045f19a/resourceGroups/cr2152py39-RG/providers/Microsoft.Web/serverfarms/cr2152py39-service-plan","is_xenon":false,"kind":"functionapp","location":"westeurope","maximum_elastic_worker_count":1,"maximum_number_of_workers":0,"name":"cr2152py39-service-plan","per_site_scaling":false,"reserved":true,"resource_group_name":"cr2152py39-RG","sku":[{"capacity":0,"size":"Y1","tier":"Dynamic"}],"tags":{},"timeouts":null,"zone_redundant":false},"after":{"app_service_environment_id":null,"is_xenon":null,"kind":"Linux","location":"westeurope","name":"cr2152py39-service-plan","per_site_scaling":null,"reserved":true,"resource_group_name":"cr2152py39-RG","sku":[{"size":"Y1","tier":"Dynamic"}],"tags":null,"timeouts":null,"zone_redundant":null},"after_unknown":{"id":true,"maximum_elastic_worker_count":true,"maximum_number_of_workers":true,"sku":[{"capacity":true}]}}},{"address":"azurerm_function_app.functionapp","mode":"managed","type":"azurerm_function_app","name":"functionapp","provider_name":"registry.terraform.io/hashicorp/azurerm","change":{"actions":["update"],"before":{"app_service_plan_id":"/subscriptions/230613d8-3b34-4790-b650-36f31045f19a/resourceGroups/cr2152py39-RG/providers/Microsoft.Web/serverfarms/cr2152py39-service-plan","app_settings":{"FUNCTIONS_WORKER_RUNTIME":"python"},"auth_settings":[{"active_directory":[],"additional_login_params":{},"allowed_external_redirect_urls":[],"default_provider":"","enabled":false,"facebook":[],"google":[],"issuer":"","microsoft":[],"runtime_version":"","token_refresh_extension_hours":0,"token_store_enabled":false,"twitter":[],"unauthenticated_client_action":""}],"client_affinity_enabled":false,"client_cert_mode":"","connection_string":[],"custom_domain_verification_id":"A4FACED29814C7AA04D73663AA10DE02BBDEB628C6E55A71AD532678A0A8EBA3","daily_memory_time_quota":0,"default_hostname":"cr2152py39-functionapp.azurewebsites.net","enable_builtin_logging":true,"enabled":true,"https_only":false,"id":"/subscriptions/230613d8-3b34-4790-b650-36f31045f19a/resourceGroups/cr2152py39-RG/providers/Microsoft.Web/sites/cr2152py39-functionapp","identity":[],"kind":"functionapp,linux","location":"westeurope","name":"cr2152py39-functionapp","os_type":"linux","outbound_ip_addresses":"13.69.68.43,13.94.143.214,13.94.150.186,13.94.151.22,13.69.121.116","possible_outbound_ip_addresses":"13.69.68.43,13.94.143.214,13.94.150.186,13.94.151.22,13.69.121.116,13.94.137.26,40.68.188.89,13.94.142.40,13.94.144.225,104.214.221.75","resource_group_name":"cr2152py39-RG","site_config":[{"always_on":false,"app_scale_limit":200,"auto_swap_slot_name":"","cors":[],"dotnet_framework_version":"v4.0","elastic_instance_minimum":0,"ftps_state":"AllAllowed","health_check_path":"","http2_enabled":false,"ip_restriction":[],"java_version":"","linux_fx_version":"","min_tls_version":"1.2","pre_warmed_instance_count":0,"runtime_scale_monitoring_enabled":false,"scm_ip_restriction":[],"scm_type":"None","scm_use_main_ip_restriction":false,"use_32_bit_worker_process":false,"vnet_route_all_enabled":false,"websockets_enabled":false}],"site_credential":[{"password":"P8HukrjQPWqb26HZRXopQzhMbRy24vsGkdLrv7zq7sW7sAYkeqbCnZ2Qqz2r","username":"$cr2152py39-functionapp"}],"source_control":[{"branch":"master","manual_integration":false,"repo_url":"","rollback_enabled":false,"use_mercurial":false}],"storage_account_access_key":"PrdHm5DM+2rcK9Zjm0gIqRInHt0Me062RdOr8wX64L8iGaA+wJXfJikd0my/wTyt9MLJnAL6vZ5egdgOq7wo+A==","storage_account_name":"cr2152py39funapptstsa","storage_connection_string":"DefaultEndpointsProtocol=https;AccountName=cr2152py39funapptstsa;AccountKey=PrdHm5DM+2rcK9Zjm0gIqRInHt0Me062RdOr8wX64L8iGaA+wJXfJikd0my/wTyt9MLJnAL6vZ5egdgOq7wo+A==;EndpointSuffix=core.windows.net","tags":{},"timeouts":null,"version":"~3"},"after":{"app_service_plan_id":"azurerm_app_service_plan.svcplanconsumption.id","app_settings":{"FUNCTIONS_WORKER_RUNTIME":"python"},"auth_settings":[{"active_directory":[],"additional_login_params":{},"allowed_external_redirect_urls":[],"default_provider":"","enabled":false,"facebook":[],"google":[],"issuer":"","microsoft":[],"runtime_version":"","token_refresh_extension_hours":0,"token_store_enabled":false,"twitter":[],"unauthenticated_client_action":""}],"client_affinity_enabled":false,"client_cert_mode":"","connection_string":[],"custom_domain_verification_id":"A4FACED29814C7AA04D73663AA10DE02BBDEB628C6E55A71AD532678A0A8EBA3","daily_memory_time_quota":0,"default_hostname":"cr2152py39-functionapp.azurewebsites.net","enable_builtin_logging":true,"enabled":true,"https_only":false,"id":"/subscriptions/230613d8-3b34-4790-b650-36f31045f19a/resourceGroups/cr2152py39-RG/providers/Microsoft.Web/sites/cr2152py39-functionapp","identity":[],"kind":"functionapp,linux","location":"westeurope","name":"cr2152py39-functionapp","os_type":"linux","outbound_ip_addresses":"13.69.68.43,13.94.143.214,13.94.150.186,13.94.151.22,13.69.121.116","possible_outbound_ip_addresses":"13.69.68.43,13.94.143.214,13.94.150.186,13.94.151.22,13.69.121.116,13.94.137.26,40.68.188.89,13.94.142.40,13.94.144.225,104.214.221.75","resource_group_name":"cr2152py39-RG","site_config":[{"always_on":false,"app_scale_limit":200,"auto_swap_slot_name":"","cors":[],"dotnet_framework_version":"v4.0","elastic_instance_minimum":0,"ftps_state":"AllAllowed","health_check_path":"","http2_enabled":false,"ip_restriction":[],"java_version":"","linux_fx_version":"","min_tls_version":"1.2","pre_warmed_instance_count":0,"runtime_scale_monitoring_enabled":false,"scm_ip_restriction":[],"scm_type":"None","scm_use_main_ip_restriction":false,"use_32_bit_worker_process":false,"vnet_route_all_enabled":false,"websockets_enabled":false}],"site_credential":[{"password":"P8HukrjQPWqb26HZRXopQzhMbRy24vsGkdLrv7zq7sW7sAYkeqbCnZ2Qqz2r","username":"$cr2152py39-functionapp"}],"source_control":[{"branch":"master","manual_integration":false,"repo_url":"","rollback_enabled":false,"use_mercurial":false}],"storage_account_access_key":"PrdHm5DM+2rcK9Zjm0gIqRInHt0Me062RdOr8wX64L8iGaA+wJXfJikd0my/wTyt9MLJnAL6vZ5egdgOq7wo+A==","storage_account_name":"cr2152py39funapptstsa","storage_connection_string":"DefaultEndpointsProtocol=https;AccountName=cr2152py39funapptstsa;AccountKey=PrdHm5DM+2rcK9Zjm0gIqRInHt0Me062RdOr8wX64L8iGaA+wJXfJikd0my/wTyt9MLJnAL6vZ5egdgOq7wo+A==;EndpointSuffix=core.windows.net","tags":{},"timeouts":null,"version":"~3"},"after_unknown":{}}},{"address":"azurerm_resource_group.rg","mode":"managed","type":"azurerm_resource_group","name":"rg","provider_name":"registry.terraform.io/hashicorp/azurerm","change":{"actions":["no-op"],"before":{"id":"/subscriptions/230613d8-3b34-4790-b650-36f31045f19a/resourceGroups/cr2152py39-RG","location":"westeurope","name":"cr2152py39-RG","tags":{},"timeouts":null},"after":{"id":"/subscriptions/230613d8-3b34-4790-b650-36f31045f19a/resourceGroups/cr2152py39-RG","location":"westeurope","name":"cr2152py39-RG","tags":{},"timeouts":null},"after_unknown":{}}},{"address":"azurerm_storage_account.storacc","mode":"managed","type":"azurerm_storage_account","name":"storacc","provider_name":"registry.terraform.io/hashicorp/azurerm","change":{"actions":["no-op"],"before":{"access_tier":"Hot","account_kind":"StorageV2","account_replication_type":"LRS","account_tier":"Standard","allow_blob_public_access":false,"azure_files_authentication":[],"blob_properties":[{"change_feed_enabled":false,"container_delete_retention_policy":[],"cors_rule":[],"default_service_version":"","delete_retention_policy":[],"last_access_time_enabled":false,"versioning_enabled":false}],"custom_domain":[],"enable_https_traffic_only":true,"id":"/subscriptions/230613d8-3b34-4790-b650-36f31045f19a/resourceGroups/cr2152py39-RG/providers/Microsoft.Storage/storageAccounts/cr2152py39funapptstsa","identity":[],"is_hns_enabled":false,"large_file_share_enabled":null,"location":"westeurope","min_tls_version":"TLS1_0","name":"cr2152py39funapptstsa","network_rules":[{"bypass":["AzureServices"],"default_action":"Allow","ip_rules":[],"private_link_access":[],"virtual_network_subnet_ids":[]}],"nfsv3_enabled":false,"primary_access_key":"PrdHm5DM+2rcK9Zjm0gIqRInHt0Me062RdOr8wX64L8iGaA+wJXfJikd0my/wTyt9MLJnAL6vZ5egdgOq7wo+A==","primary_blob_connection_string":"DefaultEndpointsProtocol=https;BlobEndpoint=https://cr2152py39funapptstsa.blob.core.windows.net/;AccountName=cr2152py39funapptstsa;AccountKey=PrdHm5DM+2rcK9Zjm0gIqRInHt0Me062RdOr8wX64L8iGaA+wJXfJikd0my/wTyt9MLJnAL6vZ5egdgOq7wo+A==","primary_blob_endpoint":"https://cr2152py39funapptstsa.blob.core.windows.net/","primary_blob_host":"cr2152py39funapptstsa.blob.core.windows.net","primary_connection_string":"DefaultEndpointsProtocol=https;AccountName=cr2152py39funapptstsa;AccountKey=PrdHm5DM+2rcK9Zjm0gIqRInHt0Me062RdOr8wX64L8iGaA+wJXfJikd0my/wTyt9MLJnAL6vZ5egdgOq7wo+A==;EndpointSuffix=core.windows.net","primary_dfs_endpoint":"https://cr2152py39funapptstsa.dfs.core.windows.net/","primary_dfs_host":"cr2152py39funapptstsa.dfs.core.windows.net","primary_file_endpoint":"https://cr2152py39funapptstsa.file.core.windows.net/","primary_file_host":"cr2152py39funapptstsa.file.core.windows.net","primary_location":"westeurope","primary_queue_endpoint":"https://cr2152py39funapptstsa.queue.core.windows.net/","primary_queue_host":"cr2152py39funapptstsa.queue.core.windows.net","primary_table_endpoint":"https://cr2152py39funapptstsa.table.core.windows.net/","primary_table_host":"cr2152py39funapptstsa.table.core.windows.net","primary_web_endpoint":"https://cr2152py39funapptstsa.z6.web.core.windows.net/","primary_web_host":"cr2152py39funapptstsa.z6.web.core.windows.net","queue_properties":[{"cors_rule":[],"hour_metrics":[{"enabled":true,"include_apis":true,"retention_policy_days":7,"version":"1.0"}],"logging":[{"delete":false,"read":false,"retention_policy_days":0,"version":"1.0","write":false}],"minute_metrics":[{"enabled":false,"include_apis":false,"retention_policy_days":0,"version":"1.0"}]}],"resource_group_name":"cr2152py39-RG","routing":[],"secondary_access_key":"KQAJkCiksyvGNn/IC8Dyc+QgX0qGZOzNAfrYgPeKIr0OCPs2YCFr6o1tNdkbrCOcRKaZqi18DLmZC2rTHi0RbQ==","secondary_blob_connection_string":"","secondary_blob_endpoint":null,"secondary_blob_host":null,"secondary_connection_string":"DefaultEndpointsProtocol=https;AccountName=cr2152py39funapptstsa;AccountKey=KQAJkCiksyvGNn/IC8Dyc+QgX0qGZOzNAfrYgPeKIr0OCPs2YCFr6o1tNdkbrCOcRKaZqi18DLmZC2rTHi0RbQ==;EndpointSuffix=core.windows.net","secondary_dfs_endpoint":null,"secondary_dfs_host":null,"secondary_file_endpoint":null,"secondary_file_host":null,"secondary_location":"","secondary_queue_endpoint":null,"secondary_queue_host":null,"secondary_table_endpoint":null,"secondary_table_host":null,"secondary_web_endpoint":null,"secondary_web_host":null,"share_properties":[{"cors_rule":[],"retention_policy":[{"days":7}],"smb":[]}],"shared_access_key_enabled":true,"static_website":[],"tags":{},"timeouts":null},"after":{"access_tier":"Hot","account_kind":"StorageV2","account_replication_type":"LRS","account_tier":"Standard","allow_blob_public_access":false,"azure_files_authentication":[],"blob_properties":[{"change_feed_enabled":false,"container_delete_retention_policy":[],"cors_rule":[],"default_service_version":"","delete_retention_policy":[],"last_access_time_enabled":false,"versioning_enabled":false}],"custom_domain":[],"enable_https_traffic_only":true,"id":"/subscriptions/230613d8-3b34-4790-b650-36f31045f19a/resourceGroups/cr2152py39-RG/providers/Microsoft.Storage/storageAccounts/cr2152py39funapptstsa","identity":[],"is_hns_enabled":false,"large_file_share_enabled":null,"location":"westeurope","min_tls_version":"TLS1_0","name":"cr2152py39funapptstsa","network_rules":[{"bypass":["AzureServices"],"default_action":"Allow","ip_rules":[],"private_link_access":[],"virtual_network_subnet_ids":[]}],"nfsv3_enabled":false,"primary_access_key":"PrdHm5DM+2rcK9Zjm0gIqRInHt0Me062RdOr8wX64L8iGaA+wJXfJikd0my/wTyt9MLJnAL6vZ5egdgOq7wo+A==","primary_blob_connection_string":"DefaultEndpointsProtocol=https;BlobEndpoint=https://cr2152py39funapptstsa.blob.core.windows.net/;AccountName=cr2152py39funapptstsa;AccountKey=PrdHm5DM+2rcK9Zjm0gIqRInHt0Me062RdOr8wX64L8iGaA+wJXfJikd0my/wTyt9MLJnAL6vZ5egdgOq7wo+A==","primary_blob_endpoint":"https://cr2152py39funapptstsa.blob.core.windows.net/","primary_blob_host":"cr2152py39funapptstsa.blob.core.windows.net","primary_connection_string":"DefaultEndpointsProtocol=https;AccountName=cr2152py39funapptstsa;AccountKey=PrdHm5DM+2rcK9Zjm0gIqRInHt0Me062RdOr8wX64L8iGaA+wJXfJikd0my/wTyt9MLJnAL6vZ5egdgOq7wo+A==;EndpointSuffix=core.windows.net","primary_dfs_endpoint":"https://cr2152py39funapptstsa.dfs.core.windows.net/","primary_dfs_host":"cr2152py39funapptstsa.dfs.core.windows.net","primary_file_endpoint":"https://cr2152py39funapptstsa.file.core.windows.net/","primary_file_host":"cr2152py39funapptstsa.file.core.windows.net","primary_location":"westeurope","primary_queue_endpoint":"https://cr2152py39funapptstsa.queue.core.windows.net/","primary_queue_host":"cr2152py39funapptstsa.queue.core.windows.net","primary_table_endpoint":"https://cr2152py39funapptstsa.table.core.windows.net/","primary_table_host":"cr2152py39funapptstsa.table.core.windows.net","primary_web_endpoint":"https://cr2152py39funapptstsa.z6.web.core.windows.net/","primary_web_host":"cr2152py39funapptstsa.z6.web.core.windows.net","queue_properties":[{"cors_rule":[],"hour_metrics":[{"enabled":true,"include_apis":true,"retention_policy_days":7,"version":"1.0"}],"logging":[{"delete":false,"read":false,"retention_policy_days":0,"version":"1.0","write":false}],"minute_metrics":[{"enabled":false,"include_apis":false,"retention_policy_days":0,"version":"1.0"}]}],"resource_group_name":"cr2152py39-RG","routing":[],"secondary_access_key":"KQAJkCiksyvGNn/IC8Dyc+QgX0qGZOzNAfrYgPeKIr0OCPs2YCFr6o1tNdkbrCOcRKaZqi18DLmZC2rTHi0RbQ==","secondary_blob_connection_string":"","secondary_blob_endpoint":null,"secondary_blob_host":null,"secondary_connection_string":"DefaultEndpointsProtocol=https;AccountName=cr2152py39funapptstsa;AccountKey=KQAJkCiksyvGNn/IC8Dyc+QgX0qGZOzNAfrYgPeKIr0OCPs2YCFr6o1tNdkbrCOcRKaZqi18DLmZC2rTHi0RbQ==;EndpointSuffix=core.windows.net","secondary_dfs_endpoint":null,"secondary_dfs_host":null,"secondary_file_endpoint":null,"secondary_file_host":null,"secondary_location":"","secondary_queue_endpoint":null,"secondary_queue_host":null,"secondary_table_endpoint":null,"secondary_table_host":null,"secondary_web_endpoint":null,"secondary_web_host":null,"share_properties":[{"cors_rule":[],"retention_policy":[{"days":7}],"smb":[]}],"shared_access_key_enabled":true,"static_website":[],"tags":{},"timeouts":null},"after_unknown":{}}}],"prior_state":{"format_version":"0.1","terraform_version":"1.0.3","values":{"root_module":{"resources":[{"address":"azurerm_app_service_plan.svcplanconsumption","mode":"managed","type":"azurerm_app_service_plan","name":"svcplanconsumption","provider_name":"registry.terraform.io/hashicorp/azurerm","schema_version":0,"values":{"app_service_environment_id":"","id":"/subscriptions/230613d8-3b34-4790-b650-36f31045f19a/resourceGroups/cr2152py39-RG/providers/Microsoft.Web/serverfarms/cr2152py39-service-plan","is_xenon":false,"kind":"functionapp","location":"westeurope","maximum_elastic_worker_count":1,"maximum_number_of_workers":0,"name":"cr2152py39-service-plan","per_site_scaling":false,"reserved":true,"resource_group_name":"cr2152py39-RG","sku":[{"capacity":0,"size":"Y1","tier":"Dynamic"}],"tags":{},"timeouts":null,"zone_redundant":false},"depends_on":["azurerm_resource_group.rg"]},{"address":"azurerm_function_app.functionapp","mode":"managed","type":"azurerm_function_app","name":"functionapp","provider_name":"registry.terraform.io/hashicorp/azurerm","schema_version":0,"values":{"app_service_plan_id":"/subscriptions/230613d8-3b34-4790-b650-36f31045f19a/resourceGroups/cr2152py39-RG/providers/Microsoft.Web/serverfarms/cr2152py39-service-plan","app_settings":{"FUNCTIONS_WORKER_RUNTIME":"python"},"auth_settings":[{"active_directory":[],"additional_login_params":{},"allowed_external_redirect_urls":[],"default_provider":"","enabled":false,"facebook":[],"google":[],"issuer":"","microsoft":[],"runtime_version":"","token_refresh_extension_hours":0,"token_store_enabled":false,"twitter":[],"unauthenticated_client_action":""}],"client_affinity_enabled":false,"client_cert_mode":"","connection_string":[],"custom_domain_verification_id":"A4FACED29814C7AA04D73663AA10DE02BBDEB628C6E55A71AD532678A0A8EBA3","daily_memory_time_quota":0,"default_hostname":"cr2152py39-functionapp.azurewebsites.net","enable_builtin_logging":true,"enabled":true,"https_only":false,"id":"/subscriptions/230613d8-3b34-4790-b650-36f31045f19a/resourceGroups/cr2152py39-RG/providers/Microsoft.Web/sites/cr2152py39-functionapp","identity":[],"kind":"functionapp,linux","location":"westeurope","name":"cr2152py39-functionapp","os_type":"linux","outbound_ip_addresses":"13.69.68.43,13.94.143.214,13.94.150.186,13.94.151.22,13.69.121.116","possible_outbound_ip_addresses":"13.69.68.43,13.94.143.214,13.94.150.186,13.94.151.22,13.69.121.116,13.94.137.26,40.68.188.89,13.94.142.40,13.94.144.225,104.214.221.75","resource_group_name":"cr2152py39-RG","site_config":[{"always_on":false,"app_scale_limit":200,"auto_swap_slot_name":"","cors":[],"dotnet_framework_version":"v4.0","elastic_instance_minimum":0,"ftps_state":"AllAllowed","health_check_path":"","http2_enabled":false,"ip_restriction":[],"java_version":"","linux_fx_version":"","min_tls_version":"1.2","pre_warmed_instance_count":0,"runtime_scale_monitoring_enabled":false,"scm_ip_restriction":[],"scm_type":"None","scm_use_main_ip_restriction":false,"use_32_bit_worker_process":false,"vnet_route_all_enabled":false,"websockets_enabled":false}],"site_credential":[{"password":"P8HukrjQPWqb26HZRXopQzhMbRy24vsGkdLrv7zq7sW7sAYkeqbCnZ2Qqz2r","username":"$cr2152py39-functionapp"}],"source_control":[{"branch":"master","manual_integration":false,"repo_url":"","rollback_enabled":false,"use_mercurial":false}],"storage_account_access_key":"PrdHm5DM+2rcK9Zjm0gIqRInHt0Me062RdOr8wX64L8iGaA+wJXfJikd0my/wTyt9MLJnAL6vZ5egdgOq7wo+A==","storage_account_name":"cr2152py39funapptstsa","storage_connection_string":"DefaultEndpointsProtocol=https;AccountName=cr2152py39funapptstsa;AccountKey=PrdHm5DM+2rcK9Zjm0gIqRInHt0Me062RdOr8wX64L8iGaA+wJXfJikd0my/wTyt9MLJnAL6vZ5egdgOq7wo+A==;EndpointSuffix=core.windows.net","tags":{},"timeouts":null,"version":"~3"},"depends_on":["azurerm_app_service_plan.svcplanconsumption","azurerm_resource_group.rg","azurerm_storage_account.storacc"]},{"address":"azurerm_resource_group.rg","mode":"managed","type":"azurerm_resource_group","name":"rg","provider_name":"registry.terraform.io/hashicorp/azurerm","schema_version":0,"values":{"id":"/subscriptions/230613d8-3b34-4790-b650-36f31045f19a/resourceGroups/cr2152py39-RG","location":"westeurope","name":"cr2152py39-RG","tags":{},"timeouts":null}},{"address":"azurerm_storage_account.storacc","mode":"managed","type":"azurerm_storage_account","name":"storacc","provider_name":"registry.terraform.io/hashicorp/azurerm","schema_version":2,"values":{"access_tier":"Hot","account_kind":"StorageV2","account_replication_type":"LRS","account_tier":"Standard","allow_blob_public_access":false,"azure_files_authentication":[],"blob_properties":[{"change_feed_enabled":false,"container_delete_retention_policy":[],"cors_rule":[],"default_service_version":"","delete_retention_policy":[],"last_access_time_enabled":false,"versioning_enabled":false}],"custom_domain":[],"enable_https_traffic_only":true,"id":"/subscriptions/230613d8-3b34-4790-b650-36f31045f19a/resourceGroups/cr2152py39-RG/providers/Microsoft.Storage/storageAccounts/cr2152py39funapptstsa","identity":[],"is_hns_enabled":false,"large_file_share_enabled":null,"location":"westeurope","min_tls_version":"TLS1_0","name":"cr2152py39funapptstsa","network_rules":[{"bypass":["AzureServices"],"default_action":"Allow","ip_rules":[],"private_link_access":[],"virtual_network_subnet_ids":[]}],"nfsv3_enabled":false,"primary_access_key":"PrdHm5DM+2rcK9Zjm0gIqRInHt0Me062RdOr8wX64L8iGaA+wJXfJikd0my/wTyt9MLJnAL6vZ5egdgOq7wo+A==","primary_blob_connection_string":"DefaultEndpointsProtocol=https;BlobEndpoint=https://cr2152py39funapptstsa.blob.core.windows.net/;AccountName=cr2152py39funapptstsa;AccountKey=PrdHm5DM+2rcK9Zjm0gIqRInHt0Me062RdOr8wX64L8iGaA+wJXfJikd0my/wTyt9MLJnAL6vZ5egdgOq7wo+A==","primary_blob_endpoint":"https://cr2152py39funapptstsa.blob.core.windows.net/","primary_blob_host":"cr2152py39funapptstsa.blob.core.windows.net","primary_connection_string":"DefaultEndpointsProtocol=https;AccountName=cr2152py39funapptstsa;AccountKey=PrdHm5DM+2rcK9Zjm0gIqRInHt0Me062RdOr8wX64L8iGaA+wJXfJikd0my/wTyt9MLJnAL6vZ5egdgOq7wo+A==;EndpointSuffix=core.windows.net","primary_dfs_endpoint":"https://cr2152py39funapptstsa.dfs.core.windows.net/","primary_dfs_host":"cr2152py39funapptstsa.dfs.core.windows.net","primary_file_endpoint":"https://cr2152py39funapptstsa.file.core.windows.net/","primary_file_host":"cr2152py39funapptstsa.file.core.windows.net","primary_location":"westeurope","primary_queue_endpoint":"https://cr2152py39funapptstsa.queue.core.windows.net/","primary_queue_host":"cr2152py39funapptstsa.queue.core.windows.net","primary_table_endpoint":"https://cr2152py39funapptstsa.table.core.windows.net/","primary_table_host":"cr2152py39funapptstsa.table.core.windows.net","primary_web_endpoint":"https://cr2152py39funapptstsa.z6.web.core.windows.net/","primary_web_host":"cr2152py39funapptstsa.z6.web.core.windows.net","queue_properties":[{"cors_rule":[],"hour_metrics":[{"enabled":true,"include_apis":true,"retention_policy_days":7,"version":"1.0"}],"logging":[{"delete":false,"read":false,"retention_policy_days":0,"version":"1.0","write":false}],"minute_metrics":[{"enabled":false,"include_apis":false,"retention_policy_days":0,"version":"1.0"}]}],"resource_group_name":"cr2152py39-RG","routing":[],"secondary_access_key":"KQAJkCiksyvGNn/IC8Dyc+QgX0qGZOzNAfrYgPeKIr0OCPs2YCFr6o1tNdkbrCOcRKaZqi18DLmZC2rTHi0RbQ==","secondary_blob_connection_string":"","secondary_blob_endpoint":null,"secondary_blob_host":null,"secondary_connection_string":"DefaultEndpointsProtocol=https;AccountName=cr2152py39funapptstsa;AccountKey=KQAJkCiksyvGNn/IC8Dyc+QgX0qGZOzNAfrYgPeKIr0OCPs2YCFr6o1tNdkbrCOcRKaZqi18DLmZC2rTHi0RbQ==;EndpointSuffix=core.windows.net","secondary_dfs_endpoint":null,"secondary_dfs_host":null,"secondary_file_endpoint":null,"secondary_file_host":null,"secondary_location":"","secondary_queue_endpoint":null,"secondary_queue_host":null,"secondary_table_endpoint":null,"secondary_table_host":null,"secondary_web_endpoint":null,"secondary_web_host":null,"share_properties":[{"cors_rule":[],"retention_policy":[{"days":7}],"smb":[]}],"shared_access_key_enabled":true,"static_website":[],"tags":{},"timeouts":null},"depends_on":["azurerm_resource_group.rg"]}]}}},"configuration":{"provider_config":{"azurerm":{"name":"azurerm","expressions":{"features":[{}]}}},"root_module":{"resources":[{"address":"azurerm_app_service_plan.svcplanconsumption","mode":"managed","type":"azurerm_app_service_plan","name":"svcplanconsumption","provider_config_key":"azurerm","expressions":{"kind":{"constant_value":"Linux"},"location":{"references":["azurerm_resource_group.rg"]},"name":{"references":["local.resource_prefix"]},"reserved":{"constant_value":true},"resource_group_name":{"references":["azurerm_resource_group.rg"]},"sku":[{"size":{"constant_value":"Y1"},"tier":{"constant_value":"Dynamic"}}]},"schema_version":0,"raw_data":{"FileName":"main.tf","StartLine":19,"EndLine":31}},{"address":"azurerm_function_app.functionapp","mode":"managed","type":"azurerm_function_app","name":"functionapp","provider_config_key":"azurerm","expressions":{"app_service_plan_id":{"references":["azurerm_app_service_plan.svcplanconsumption"]},"app_settings":{"constant_value":{"FUNCTIONS_WORKER_RUNTIME":"python"}},"location":{"references":["azurerm_resource_group.rg"]},"name":{"references":["local.resource_prefix"]},"os_type":{"constant_value":"linux"},"resource_group_name":{"references":["azurerm_resource_group.rg"]},"storage_account_access_key":{"references":["azurerm_storage_account.storacc"]},"storage_account_name":{"references":["azurerm_storage_account.storacc"]},"version":{"constant_value":"~3"}},"schema_version":0,"raw_data":{"FileName":"main.tf","StartLine":33,"EndLine":46}},{"address":"azurerm_resource_group.rg","mode":"managed","type":"azurerm_resource_group","name":"rg","provider_config_key":"azurerm","expressions":{"location":{"constant_value":"West Europe"},"name":{"references":["local.resource_prefix"]}},"schema_version":0,"raw_data":{"FileName":"main.tf","StartLine":6,"EndLine":9}},{"address":"azurerm_storage_account.storacc","mode":"managed","type":"azurerm_storage_account","name":"storacc","provider_config_key":"azurerm","expressions":{"account_replication_type":{"constant_value":"LRS"},"account_tier":{"constant_value":"Standard"},"location":{"references":["azurerm_resource_group.rg"]},"name":{"references":["local.resource_prefix"]},"resource_group_name":{"references":["azurerm_resource_group.rg"]}},"schema_version":2,"raw_data":{"FileName":"main.tf","StartLine":11,"EndLine":17}}]}}}
