{"format_version":"0.1","terraform_version":"0.12.29","planned_values":{"root_module":{"child_modules":[{"resources":[{"address":"module.test_module.aws_ecs_cluster.ecs-cluster","mode":"managed","type":"aws_ecs_cluster","name":"ecs-cluster","provider_name":"aws","schema_version":0,"values":{"capacity_providers":null,"default_capacity_provider_strategy":[],"name":"ecs-cluster","tags":null}}],"address":"module.test_module"}]}},"resource_changes":[{"address":"module.test_module.aws_ecs_cluster.ecs-cluster","module_address":"module.test_module","mode":"managed","type":"aws_ecs_cluster","name":"ecs-cluster","provider_name":"aws","change":{"actions":["create"],"before":null,"after":{"capacity_providers":null,"default_capacity_provider_strategy":[],"name":"ecs-cluster","tags":null},"after_unknown":{"arn":true,"default_capacity_provider_strategy":[],"id":true,"setting":true}}}],"configuration":{"provider_config":{"aws":{"name":"aws","version_constraint":"2.70.0","expressions":{"region":{"constant_value":"us-east-1"}}},"test_module:aws":{"name":"aws","module_address":"test_module","expressions":{"region":{"constant_value":"us-east-1"}}}},"root_module":{"module_calls":{"test_module":{"source":"./ecs/without_tags","module":{"resources":[{"address":"aws_ecs_cluster.ecs-cluster","mode":"managed","type":"aws_ecs_cluster","name":"ecs-cluster","provider_config_key":"test_module:aws","expressions":{"name":{"constant_value":"ecs-cluster"}},"schema_version":0,"raw_data":{"FileName":"ecs/without_tags/main.tf","StartLine":5,"EndLine":7}}]},"raw_data":{"FileName":"main.tf","StartLine":7,"EndLine":9}}}}}}
