{"format_version":"0.1","terraform_version":"0.12.29","planned_values":{"root_module":{"resources":[{"address":"aws_iam_user.user-1","mode":"managed","type":"aws_iam_user","name":"user-1","provider_name":"aws","schema_version":0,"values":{"force_destroy":false,"name":"user-1","path":"/","permissions_boundary":null,"tags":null}},{"address":"aws_iam_user_policy.policy","mode":"managed","type":"aws_iam_user_policy","name":"policy","provider_name":"aws","schema_version":0,"values":{"name":"inline-policy","name_prefix":null,"policy":"{\n  \"Version\": \"2012-10-17\",\n  \"Statement\": [\n    {\n      \"Action\": [\n        \"ec2:Describe*\"\n      ],\n      \"Effect\": \"Allow\",\n      \"Resource\": \"*\"\n    }\n  ]\n}\n","user":"user-1"}}]}},"resource_changes":[{"address":"aws_iam_user.user-1","mode":"managed","type":"aws_iam_user","name":"user-1","provider_name":"aws","change":{"actions":["create"],"before":null,"after":{"force_destroy":false,"name":"user-1","path":"/","permissions_boundary":null,"tags":null},"after_unknown":{"arn":true,"id":true,"unique_id":true}}},{"address":"aws_iam_user_policy.policy","mode":"managed","type":"aws_iam_user_policy","name":"policy","provider_name":"aws","change":{"actions":["create"],"before":null,"after":{"name":"inline-policy","name_prefix":null,"policy":"{\n  \"Version\": \"2012-10-17\",\n  \"Statement\": [\n    {\n      \"Action\": [\n        \"ec2:Describe*\"\n      ],\n      \"Effect\": \"Allow\",\n      \"Resource\": \"*\"\n    }\n  ]\n}\n","user":"user-1"},"after_unknown":{"id":true}}}],"configuration":{"provider_config":{"aws":{"name":"aws","expressions":{"region":{"constant_value":"us-east-1"}}}},"root_module":{"resources":[{"address":"aws_iam_user.user-1","mode":"managed","type":"aws_iam_user","name":"user-1","provider_config_key":"aws","expressions":{"name":{"constant_value":"user-1"}},"schema_version":0,"raw_data":{"FileName":"main.tf","StartLine":5,"EndLine":7}},{"address":"aws_iam_user_policy.policy","mode":"managed","type":"aws_iam_user_policy","name":"policy","provider_config_key":"aws","expressions":{"name":{"constant_value":"inline-policy"},"policy":{"constant_value":"{\n  \"Version\": \"2012-10-17\",\n  \"Statement\": [\n    {\n      \"Action\": [\n        \"ec2:Describe*\"\n      ],\n      \"Effect\": \"Allow\",\n      \"Resource\": \"*\"\n    }\n  ]\n}\n"},"user":{"references":["aws_iam_user.user-1"]}},"schema_version":0,"raw_data":{"FileName":"main.tf","StartLine":9,"EndLine":27}}]}}}
