{"format_version":"0.1","terraform_version":"0.13.4","planned_values":{"root_module":{"resources":[{"address":"aws_eip.allocate-ip-to-nat-gw","mode":"managed","type":"aws_eip","name":"allocate-ip-to-nat-gw","provider_name":"registry.terraform.io/hashicorp/aws","schema_version":0,"values":{"address":null,"associate_with_private_ip":null,"customer_owned_ipv4_pool":null,"tags":null,"timeouts":null,"vpc":true}},{"address":"aws_instance.test","mode":"managed","type":"aws_instance","name":"test","provider_name":"registry.terraform.io/hashicorp/aws","schema_version":1,"values":{"ami":"ami-0ee02acd56a52998e","capacity_reservation_specification":[],"credit_specification":[],"disable_api_termination":null,"ebs_block_device":[],"ebs_optimized":null,"enclave_options":[],"ephemeral_block_device":[],"get_password_data":false,"hibernation":null,"iam_instance_profile":null,"instance_type":"t2.micro","metadata_options":[],"monitoring":null,"network_interface":[],"root_block_device":[],"source_dest_check":true,"subnet_id":"aws_subnet.private-subnet.id","tags":null,"timeouts":null,"user_data":null,"user_data_base64":null,"volume_tags":null,"vpc_security_group_ids":["aws_security_group.allow-public-outbound-sg.id"]}},{"address":"aws_internet_gateway.internet-gateway","mode":"managed","type":"aws_internet_gateway","name":"internet-gateway","provider_name":"registry.terraform.io/hashicorp/aws","schema_version":0,"values":{"tags":{"Name":"internet-gateway"},"tags_all":{"Name":"internet-gateway"},"vpc_id":"aws_vpc.main.id"}},{"address":"aws_nat_gateway.private-subnet-nat-gw","mode":"managed","type":"aws_nat_gateway","name":"private-subnet-nat-gw","provider_name":"registry.terraform.io/hashicorp/aws","schema_version":0,"values":{"allocation_id":"aws_eip.allocate-ip-to-nat-gw.id","connectivity_type":"public","subnet_id":"aws_subnet.public-subnet.id","tags":{"Name":"gw NAT"},"tags_all":{"Name":"gw NAT"}}},{"address":"aws_network_acl.allow-public-outbound-nacl","mode":"managed","type":"aws_network_acl","name":"allow-public-outbound-nacl","provider_name":"registry.terraform.io/hashicorp/aws","schema_version":0,"values":{"egress":[{"action":"allow","cidr_block":"0.0.0.0/0","from_port":443,"icmp_code":null,"icmp_type":null,"ipv6_cidr_block":null,"protocol":"tcp","rule_no":200,"to_port":443}],"subnet_ids":["aws_subnet.private-subnet.id","aws_subnet.public-subnet.id"],"tags":{"Name":"allow-public-outbound-nacl"},"tags_all":{"Name":"allow-public-outbound-nacl"},"vpc_id":"aws_vpc.main.id"}},{"address":"aws_route_table.private-rtb","mode":"managed","type":"aws_route_table","name":"private-rtb","provider_name":"registry.terraform.io/hashicorp/aws","schema_version":0,"values":{"route":[{"carrier_gateway_id":null,"cidr_block":"0.0.0.0/0","destination_prefix_list_id":null,"egress_only_gateway_id":null,"gateway_id":null,"instance_id":null,"ipv6_cidr_block":null,"local_gateway_id":null,"nat_gateway_id":"aws_nat_gateway.private-subnet-nat-gw.id","network_interface_id":null,"transit_gateway_id":null,"vpc_endpoint_id":null,"vpc_peering_connection_id":null},{"carrier_gateway_id":null,"cidr_block":"pl-psuedo-s3-us-east-1","destination_prefix_list_id":null,"egress_only_gateway_id":null,"gateway_id":"aws_vpc_endpoint.s3-vpce-gw.id","instance_id":null,"ipv6_cidr_block":null,"local_gateway_id":null,"nat_gateway_id":null,"network_interface_id":null,"transit_gateway_id":null,"vpc_endpoint_id":null,"vpc_peering_connection_id":null}],"tags":{"Name":"private-rtb"},"tags_all":{"Name":"private-rtb"},"vpc_id":"aws_vpc.main.id"}},{"address":"aws_route_table.public-rtb","mode":"managed","type":"aws_route_table","name":"public-rtb","provider_name":"registry.terraform.io/hashicorp/aws","schema_version":0,"values":{"route":[{"carrier_gateway_id":null,"cidr_block":"0.0.0.0/0","destination_prefix_list_id":null,"egress_only_gateway_id":null,"gateway_id":"aws_internet_gateway.internet-gateway.id","instance_id":null,"ipv6_cidr_block":null,"local_gateway_id":null,"nat_gateway_id":null,"network_interface_id":null,"transit_gateway_id":null,"vpc_endpoint_id":null,"vpc_peering_connection_id":null}],"tags":{"Name":"public-rtb"},"tags_all":{"Name":"public-rtb"},"vpc_id":"aws_vpc.main.id"}},{"address":"aws_route_table_association.private-rtb-assoc","mode":"managed","type":"aws_route_table_association","name":"private-rtb-assoc","provider_name":"registry.terraform.io/hashicorp/aws","schema_version":0,"values":{"gateway_id":null,"route_table_id":"aws_route_table.private-rtb.id","subnet_id":"aws_subnet.private-subnet.id"}},{"address":"aws_route_table_association.public-rtb-assoc","mode":"managed","type":"aws_route_table_association","name":"public-rtb-assoc","provider_name":"registry.terraform.io/hashicorp/aws","schema_version":0,"values":{"gateway_id":null,"route_table_id":"aws_route_table.public-rtb.id","subnet_id":"aws_subnet.public-subnet.id"}},{"address":"aws_s3_bucket.public-bucket","mode":"managed","type":"aws_s3_bucket","name":"public-bucket","provider_name":"registry.terraform.io/hashicorp/aws","schema_version":0,"values":{"acl":"public-read","bucket":"public-bucket","bucket_prefix":null,"cors_rule":[],"force_destroy":false,"grant":[],"lifecycle_rule":[],"logging":[],"object_lock_configuration":[],"policy":null,"replication_configuration":[],"server_side_encryption_configuration":[],"tags":{"Name":"public-bucket"},"tags_all":{"Name":"public-bucket"},"versioning":[],"website":[]}},{"address":"aws_security_group.allow-public-outbound-sg","mode":"managed","type":"aws_security_group","name":"allow-public-outbound-sg","provider_name":"registry.terraform.io/hashicorp/aws","schema_version":1,"values":{"description":"Allow HTTPS outbound traffic","egress":[{"cidr_blocks":["0.0.0.0/0"],"description":null,"from_port":443,"ipv6_cidr_blocks":null,"prefix_list_ids":null,"protocol":"tcp","security_groups":null,"self":null,"to_port":443}],"name":"allow-public-outbound-sg","revoke_rules_on_delete":false,"tags":null,"timeouts":null,"vpc_id":"aws_vpc.main.id"}},{"address":"aws_subnet.private-subnet","mode":"managed","type":"aws_subnet","name":"private-subnet","provider_name":"registry.terraform.io/hashicorp/aws","schema_version":1,"values":{"assign_ipv6_address_on_creation":false,"cidr_block":"192.168.100.128/25","customer_owned_ipv4_pool":null,"ipv6_cidr_block":null,"map_customer_owned_ip_on_launch":null,"map_public_ip_on_launch":false,"outpost_arn":null,"tags":{"Name":"private-subnet"},"tags_all":{"Name":"private-subnet"},"timeouts":null,"vpc_id":"aws_vpc.main.id"}},{"address":"aws_subnet.public-subnet","mode":"managed","type":"aws_subnet","name":"public-subnet","provider_name":"registry.terraform.io/hashicorp/aws","schema_version":1,"values":{"assign_ipv6_address_on_creation":false,"cidr_block":"192.168.100.0/25","customer_owned_ipv4_pool":null,"ipv6_cidr_block":null,"map_customer_owned_ip_on_launch":null,"map_public_ip_on_launch":true,"outpost_arn":null,"tags":{"Name":"public-subnet"},"tags_all":{"Name":"public-subnet"},"timeouts":null,"vpc_id":"aws_vpc.main.id"}},{"address":"aws_vpc.main","mode":"managed","type":"aws_vpc","name":"main","provider_name":"registry.terraform.io/hashicorp/aws","schema_version":1,"values":{"assign_generated_ipv6_cidr_block":false,"cidr_block":"192.168.100.0/24","enable_dns_support":true,"instance_tenancy":"default","tags":null}},{"address":"aws_vpc_endpoint.s3-vpce-gw","mode":"managed","type":"aws_vpc_endpoint","name":"s3-vpce-gw","provider_name":"registry.terraform.io/hashicorp/aws","schema_version":0,"values":{"auto_accept":null,"private_dns_enabled":false,"service_name":"com.amazonaws.us-east-1.s3","tags":null,"timeouts":null,"vpc_endpoint_type":"Gateway","vpc_id":"aws_vpc.main.id"}},{"address":"aws_vpc_endpoint_route_table_association.vpce-gw-to-private-rtb-assoc","mode":"managed","type":"aws_vpc_endpoint_route_table_association","name":"vpce-gw-to-private-rtb-assoc","provider_name":"registry.terraform.io/hashicorp/aws","schema_version":0,"values":{"route_table_id":"aws_route_table.private-rtb.id","vpc_endpoint_id":"aws_vpc_endpoint.s3-vpce-gw.id"}}]}},"resource_changes":[{"address":"aws_eip.allocate-ip-to-nat-gw","mode":"managed","type":"aws_eip","name":"allocate-ip-to-nat-gw","provider_name":"registry.terraform.io/hashicorp/aws","change":{"actions":["create"],"before":null,"after":{"address":null,"associate_with_private_ip":null,"customer_owned_ipv4_pool":null,"tags":null,"timeouts":null,"vpc":true},"after_unknown":{"allocation_id":true,"association_id":true,"carrier_ip":true,"customer_owned_ip":true,"domain":true,"id":true,"instance":true,"network_border_group":true,"network_interface":true,"private_dns":true,"private_ip":true,"public_dns":true,"public_ip":true,"public_ipv4_pool":true,"tags_all":true}}},{"address":"aws_instance.test","mode":"managed","type":"aws_instance","name":"test","provider_name":"registry.terraform.io/hashicorp/aws","change":{"actions":["create"],"before":null,"after":{"ami":"ami-0ee02acd56a52998e","capacity_reservation_specification":[],"credit_specification":[],"disable_api_termination":null,"ebs_block_device":[],"ebs_optimized":null,"enclave_options":[],"ephemeral_block_device":[],"get_password_data":false,"hibernation":null,"iam_instance_profile":null,"instance_type":"t2.micro","metadata_options":[],"monitoring":null,"network_interface":[],"root_block_device":[],"source_dest_check":true,"subnet_id":"aws_subnet.private-subnet.id","tags":null,"timeouts":null,"user_data":null,"user_data_base64":null,"volume_tags":null,"vpc_security_group_ids":["aws_security_group.allow-public-outbound-sg.id"]},"after_unknown":{"arn":true,"associate_public_ip_address":true,"availability_zone":true,"capacity_reservation_specification":[],"cpu_core_count":true,"cpu_threads_per_core":true,"credit_specification":[],"ebs_block_device":[],"enclave_options":[],"ephemeral_block_device":[],"host_id":true,"id":true,"instance_initiated_shutdown_behavior":true,"instance_state":true,"ipv6_address_count":true,"ipv6_addresses":true,"key_name":true,"metadata_options":[],"network_interface":[],"outpost_arn":true,"password_data":true,"placement_group":true,"primary_network_interface_id":true,"private_dns":true,"private_ip":true,"public_dns":true,"public_ip":true,"root_block_device":[],"secondary_private_ips":true,"security_groups":true,"tags_all":true,"tenancy":true,"vpc_security_group_ids":[false]}}},{"address":"aws_internet_gateway.internet-gateway","mode":"managed","type":"aws_internet_gateway","name":"internet-gateway","provider_name":"registry.terraform.io/hashicorp/aws","change":{"actions":["create"],"before":null,"after":{"tags":{"Name":"internet-gateway"},"tags_all":{"Name":"internet-gateway"},"vpc_id":"aws_vpc.main.id"},"after_unknown":{"arn":true,"id":true,"owner_id":true,"tags":{},"tags_all":{}}}},{"address":"aws_nat_gateway.private-subnet-nat-gw","mode":"managed","type":"aws_nat_gateway","name":"private-subnet-nat-gw","provider_name":"registry.terraform.io/hashicorp/aws","change":{"actions":["create"],"before":null,"after":{"allocation_id":"aws_eip.allocate-ip-to-nat-gw.id","connectivity_type":"public","subnet_id":"aws_subnet.public-subnet.id","tags":{"Name":"gw NAT"},"tags_all":{"Name":"gw NAT"}},"after_unknown":{"id":true,"network_interface_id":true,"private_ip":true,"public_ip":true,"tags":{},"tags_all":{}}}},{"address":"aws_network_acl.allow-public-outbound-nacl","mode":"managed","type":"aws_network_acl","name":"allow-public-outbound-nacl","provider_name":"registry.terraform.io/hashicorp/aws","change":{"actions":["create"],"before":null,"after":{"egress":[{"action":"allow","cidr_block":"0.0.0.0/0","from_port":443,"icmp_code":null,"icmp_type":null,"ipv6_cidr_block":null,"protocol":"tcp","rule_no":200,"to_port":443}],"subnet_ids":["aws_subnet.private-subnet.id","aws_subnet.public-subnet.id"],"tags":{"Name":"allow-public-outbound-nacl"},"tags_all":{"Name":"allow-public-outbound-nacl"},"vpc_id":"aws_vpc.main.id"},"after_unknown":{"arn":true,"egress":[{}],"id":true,"ingress":true,"owner_id":true,"subnet_ids":[false,false],"tags":{},"tags_all":{}}}},{"address":"aws_route_table.private-rtb","mode":"managed","type":"aws_route_table","name":"private-rtb","provider_name":"registry.terraform.io/hashicorp/aws","change":{"actions":["create"],"before":null,"after":{"route":[{"carrier_gateway_id":null,"cidr_block":"0.0.0.0/0","destination_prefix_list_id":null,"egress_only_gateway_id":null,"gateway_id":null,"instance_id":null,"ipv6_cidr_block":null,"local_gateway_id":null,"nat_gateway_id":"aws_nat_gateway.private-subnet-nat-gw.id","network_interface_id":null,"transit_gateway_id":null,"vpc_endpoint_id":null,"vpc_peering_connection_id":null},{"carrier_gateway_id":null,"cidr_block":"pl-psuedo-s3-us-east-1","destination_prefix_list_id":null,"egress_only_gateway_id":null,"gateway_id":"aws_vpc_endpoint.s3-vpce-gw.id","instance_id":null,"ipv6_cidr_block":null,"local_gateway_id":null,"nat_gateway_id":null,"network_interface_id":null,"transit_gateway_id":null,"vpc_endpoint_id":null,"vpc_peering_connection_id":null}],"tags":{"Name":"private-rtb"},"tags_all":{"Name":"private-rtb"},"vpc_id":"aws_vpc.main.id"},"after_unknown":{"arn":true,"id":true,"owner_id":true,"propagating_vgws":true,"route":[{},{}],"tags":{},"tags_all":{}}}},{"address":"aws_route_table.public-rtb","mode":"managed","type":"aws_route_table","name":"public-rtb","provider_name":"registry.terraform.io/hashicorp/aws","change":{"actions":["create"],"before":null,"after":{"route":[{"carrier_gateway_id":null,"cidr_block":"0.0.0.0/0","destination_prefix_list_id":null,"egress_only_gateway_id":null,"gateway_id":"aws_internet_gateway.internet-gateway.id","instance_id":null,"ipv6_cidr_block":null,"local_gateway_id":null,"nat_gateway_id":null,"network_interface_id":null,"transit_gateway_id":null,"vpc_endpoint_id":null,"vpc_peering_connection_id":null}],"tags":{"Name":"public-rtb"},"tags_all":{"Name":"public-rtb"},"vpc_id":"aws_vpc.main.id"},"after_unknown":{"arn":true,"id":true,"owner_id":true,"propagating_vgws":true,"route":[{}],"tags":{},"tags_all":{}}}},{"address":"aws_route_table_association.private-rtb-assoc","mode":"managed","type":"aws_route_table_association","name":"private-rtb-assoc","provider_name":"registry.terraform.io/hashicorp/aws","change":{"actions":["create"],"before":null,"after":{"gateway_id":null,"route_table_id":"aws_route_table.private-rtb.id","subnet_id":"aws_subnet.private-subnet.id"},"after_unknown":{"id":true}}},{"address":"aws_route_table_association.public-rtb-assoc","mode":"managed","type":"aws_route_table_association","name":"public-rtb-assoc","provider_name":"registry.terraform.io/hashicorp/aws","change":{"actions":["create"],"before":null,"after":{"gateway_id":null,"route_table_id":"aws_route_table.public-rtb.id","subnet_id":"aws_subnet.public-subnet.id"},"after_unknown":{"id":true}}},{"address":"aws_s3_bucket.public-bucket","mode":"managed","type":"aws_s3_bucket","name":"public-bucket","provider_name":"registry.terraform.io/hashicorp/aws","change":{"actions":["create"],"before":null,"after":{"acl":"public-read","bucket":"public-bucket","bucket_prefix":null,"cors_rule":[],"force_destroy":false,"grant":[],"lifecycle_rule":[],"logging":[],"object_lock_configuration":[],"policy":null,"replication_configuration":[],"server_side_encryption_configuration":[],"tags":{"Name":"public-bucket"},"tags_all":{"Name":"public-bucket"},"versioning":[],"website":[]},"after_unknown":{"acceleration_status":true,"arn":true,"bucket_domain_name":true,"bucket_regional_domain_name":true,"cors_rule":[],"grant":[],"hosted_zone_id":true,"id":true,"lifecycle_rule":[],"logging":[],"object_lock_configuration":[],"region":true,"replication_configuration":[],"request_payer":true,"server_side_encryption_configuration":[],"tags":{},"tags_all":{},"versioning":[],"website":[],"website_domain":true,"website_endpoint":true}}},{"address":"aws_security_group.allow-public-outbound-sg","mode":"managed","type":"aws_security_group","name":"allow-public-outbound-sg","provider_name":"registry.terraform.io/hashicorp/aws","change":{"actions":["create"],"before":null,"after":{"description":"Allow HTTPS outbound traffic","egress":[{"cidr_blocks":["0.0.0.0/0"],"description":null,"from_port":443,"ipv6_cidr_blocks":null,"prefix_list_ids":null,"protocol":"tcp","security_groups":null,"self":null,"to_port":443}],"name":"allow-public-outbound-sg","revoke_rules_on_delete":false,"tags":null,"timeouts":null,"vpc_id":"aws_vpc.main.id"},"after_unknown":{"arn":true,"egress":[{"cidr_blocks":[false]}],"id":true,"ingress":true,"name_prefix":true,"owner_id":true,"tags_all":true}}},{"address":"aws_subnet.private-subnet","mode":"managed","type":"aws_subnet","name":"private-subnet","provider_name":"registry.terraform.io/hashicorp/aws","change":{"actions":["create"],"before":null,"after":{"assign_ipv6_address_on_creation":false,"cidr_block":"192.168.100.128/25","customer_owned_ipv4_pool":null,"ipv6_cidr_block":null,"map_customer_owned_ip_on_launch":null,"map_public_ip_on_launch":false,"outpost_arn":null,"tags":{"Name":"private-subnet"},"tags_all":{"Name":"private-subnet"},"timeouts":null,"vpc_id":"aws_vpc.main.id"},"after_unknown":{"arn":true,"availability_zone":true,"availability_zone_id":true,"id":true,"ipv6_cidr_block_association_id":true,"owner_id":true,"tags":{},"tags_all":{}}}},{"address":"aws_subnet.public-subnet","mode":"managed","type":"aws_subnet","name":"public-subnet","provider_name":"registry.terraform.io/hashicorp/aws","change":{"actions":["create"],"before":null,"after":{"assign_ipv6_address_on_creation":false,"cidr_block":"192.168.100.0/25","customer_owned_ipv4_pool":null,"ipv6_cidr_block":null,"map_customer_owned_ip_on_launch":null,"map_public_ip_on_launch":true,"outpost_arn":null,"tags":{"Name":"public-subnet"},"tags_all":{"Name":"public-subnet"},"timeouts":null,"vpc_id":"aws_vpc.main.id"},"after_unknown":{"arn":true,"availability_zone":true,"availability_zone_id":true,"id":true,"ipv6_cidr_block_association_id":true,"owner_id":true,"tags":{},"tags_all":{}}}},{"address":"aws_vpc.main","mode":"managed","type":"aws_vpc","name":"main","provider_name":"registry.terraform.io/hashicorp/aws","change":{"actions":["create"],"before":null,"after":{"assign_generated_ipv6_cidr_block":false,"cidr_block":"192.168.100.0/24","enable_dns_support":true,"instance_tenancy":"default","tags":null},"after_unknown":{"arn":true,"default_network_acl_id":true,"default_route_table_id":true,"default_security_group_id":true,"dhcp_options_id":true,"enable_classiclink":true,"enable_classiclink_dns_support":true,"enable_dns_hostnames":true,"id":true,"ipv6_association_id":true,"ipv6_cidr_block":true,"main_route_table_id":true,"owner_id":true,"tags_all":true}}},{"address":"aws_vpc_endpoint.s3-vpce-gw","mode":"managed","type":"aws_vpc_endpoint","name":"s3-vpce-gw","provider_name":"registry.terraform.io/hashicorp/aws","change":{"actions":["create"],"before":null,"after":{"auto_accept":null,"private_dns_enabled":false,"service_name":"com.amazonaws.us-east-1.s3","tags":null,"timeouts":null,"vpc_endpoint_type":"Gateway","vpc_id":"aws_vpc.main.id"},"after_unknown":{"arn":true,"cidr_blocks":true,"dns_entry":true,"id":true,"network_interface_ids":true,"owner_id":true,"policy":true,"prefix_list_id":true,"requester_managed":true,"route_table_ids":true,"security_group_ids":true,"state":true,"subnet_ids":true,"tags_all":true}}},{"address":"aws_vpc_endpoint_route_table_association.vpce-gw-to-private-rtb-assoc","mode":"managed","type":"aws_vpc_endpoint_route_table_association","name":"vpce-gw-to-private-rtb-assoc","provider_name":"registry.terraform.io/hashicorp/aws","change":{"actions":["create"],"before":null,"after":{"route_table_id":"aws_route_table.private-rtb.id","vpc_endpoint_id":"aws_vpc_endpoint.s3-vpce-gw.id"},"after_unknown":{"id":true}}}],"prior_state":{"format_version":"0.1","terraform_version":"0.13.4","values":{"root_module":{"resources":[{"address":"data.aws_ami.ubuntu","mode":"data","type":"aws_ami","name":"ubuntu","provider_name":"registry.terraform.io/hashicorp/aws","schema_version":0,"values":{"architecture":"x86_64","arn":"arn:aws:ec2:us-east-1::image/ami-0ee02acd56a52998e","block_device_mappings":[{"device_name":"/dev/sda1","ebs":{"delete_on_termination":"true","encrypted":"false","iops":"0","snapshot_id":"snap-02ea480fc9e115bab","throughput":"0","volume_size":"8","volume_type":"gp2"},"no_device":"","virtual_name":""},{"device_name":"/dev/sdb","ebs":{},"no_device":"","virtual_name":"ephemeral0"},{"device_name":"/dev/sdc","ebs":{},"no_device":"","virtual_name":"ephemeral1"}],"creation_date":"2021-04-29T05:50:56.000Z","description":"Canonical, Ubuntu, 16.04 LTS, amd64 xenial image build on 2021-04-29","ena_support":true,"executable_users":null,"filter":[{"name":"name","values":["ubuntu/images/hvm-ssd/ubuntu-xenial-16.04-amd64-server-*"]},{"name":"virtualization-type","values":["hvm"]}],"hypervisor":"xen","id":"ami-0ee02acd56a52998e","image_id":"ami-0ee02acd56a52998e","image_location":"099720109477/ubuntu/images/hvm-ssd/ubuntu-xenial-16.04-amd64-server-20210429","image_owner_alias":null,"image_type":"machine","kernel_id":null,"most_recent":true,"name":"ubuntu/images/hvm-ssd/ubuntu-xenial-16.04-amd64-server-20210429","name_regex":null,"owner_id":"099720109477","owners":["099720109477"],"platform":null,"platform_details":"Linux/UNIX","product_codes":[],"public":true,"ramdisk_id":null,"root_device_name":"/dev/sda1","root_device_type":"ebs","root_snapshot_id":"snap-02ea480fc9e115bab","sriov_net_support":"simple","state":"available","state_reason":{"code":"UNSET","message":"UNSET"},"tags":{},"usage_operation":"RunInstances","virtualization_type":"hvm"}}]}}},"configuration":{"provider_config":{"aws":{"name":"aws","expressions":{"region":{"constant_value":"us-east-1"}}}},"root_module":{"resources":[{"address":"aws_eip.allocate-ip-to-nat-gw","mode":"managed","type":"aws_eip","name":"allocate-ip-to-nat-gw","provider_config_key":"aws","expressions":{"vpc":{"constant_value":true}},"schema_version":0,"depends_on":["aws_internet_gateway.internet-gateway"],"raw_data":{"FileName":"main.tf","StartLine":62,"EndLine":65}},{"address":"aws_instance.test","mode":"managed","type":"aws_instance","name":"test","provider_config_key":"aws","expressions":{"ami":{"references":["data.aws_ami.ubuntu"]},"instance_type":{"constant_value":"t2.micro"},"subnet_id":{"references":["aws_subnet.private-subnet"]},"vpc_security_group_ids":{"references":["aws_security_group.allow-public-outbound-sg"]}},"schema_version":1,"raw_data":{"FileName":"main.tf","StartLine":152,"EndLine":157}},{"address":"aws_internet_gateway.internet-gateway","mode":"managed","type":"aws_internet_gateway","name":"internet-gateway","provider_config_key":"aws","expressions":{"tags":{"constant_value":{"Name":"internet-gateway"}},"vpc_id":{"references":["aws_vpc.main"]}},"schema_version":0,"raw_data":{"FileName":"main.tf","StartLine":123,"EndLine":129}},{"address":"aws_nat_gateway.private-subnet-nat-gw","mode":"managed","type":"aws_nat_gateway","name":"private-subnet-nat-gw","provider_config_key":"aws","expressions":{"allocation_id":{"references":["aws_eip.allocate-ip-to-nat-gw"]},"subnet_id":{"references":["aws_subnet.public-subnet"]},"tags":{"constant_value":{"Name":"gw NAT"}}},"schema_version":0,"raw_data":{"FileName":"main.tf","StartLine":53,"EndLine":60}},{"address":"aws_network_acl.allow-public-outbound-nacl","mode":"managed","type":"aws_network_acl","name":"allow-public-outbound-nacl","provider_config_key":"aws","expressions":{"subnet_ids":{"references":["aws_subnet.public-subnet","aws_subnet.private-subnet"]},"tags":{"constant_value":{"Name":"allow-public-outbound-nacl"}},"vpc_id":{"references":["aws_vpc.main"]}},"schema_version":0,"raw_data":{"FileName":"main.tf","StartLine":91,"EndLine":107}},{"address":"aws_route_table.private-rtb","mode":"managed","type":"aws_route_table","name":"private-rtb","provider_config_key":"aws","expressions":{"tags":{"constant_value":{"Name":"private-rtb"}},"vpc_id":{"references":["aws_vpc.main"]}},"schema_version":0,"raw_data":{"FileName":"main.tf","StartLine":72,"EndLine":89}},{"address":"aws_route_table.public-rtb","mode":"managed","type":"aws_route_table","name":"public-rtb","provider_config_key":"aws","expressions":{"tags":{"constant_value":{"Name":"public-rtb"}},"vpc_id":{"references":["aws_vpc.main"]}},"schema_version":0,"raw_data":{"FileName":"main.tf","StartLine":20,"EndLine":31}},{"address":"aws_route_table_association.private-rtb-assoc","mode":"managed","type":"aws_route_table_association","name":"private-rtb-assoc","provider_config_key":"aws","expressions":{"route_table_id":{"references":["aws_route_table.private-rtb"]},"subnet_id":{"references":["aws_subnet.private-subnet"]}},"schema_version":0,"raw_data":{"FileName":"main.tf","StartLine":67,"EndLine":70}},{"address":"aws_route_table_association.public-rtb-assoc","mode":"managed","type":"aws_route_table_association","name":"public-rtb-assoc","provider_config_key":"aws","expressions":{"route_table_id":{"references":["aws_route_table.public-rtb"]},"subnet_id":{"references":["aws_subnet.public-subnet"]}},"schema_version":0,"raw_data":{"FileName":"main.tf","StartLine":33,"EndLine":36}},{"address":"aws_s3_bucket.public-bucket","mode":"managed","type":"aws_s3_bucket","name":"public-bucket","provider_config_key":"aws","expressions":{"acl":{"constant_value":"public-read"},"bucket":{"constant_value":"public-bucket"},"tags":{"constant_value":{"Name":"public-bucket"}}},"schema_version":0,"raw_data":{"FileName":"main.tf","StartLine":159,"EndLine":165}},{"address":"aws_security_group.allow-public-outbound-sg","mode":"managed","type":"aws_security_group","name":"allow-public-outbound-sg","provider_config_key":"aws","expressions":{"description":{"constant_value":"Allow HTTPS outbound traffic"},"name":{"constant_value":"allow-public-outbound-sg"},"vpc_id":{"references":["aws_vpc.main"]}},"schema_version":1,"raw_data":{"FileName":"main.tf","StartLine":109,"EndLine":121}},{"address":"aws_subnet.private-subnet","mode":"managed","type":"aws_subnet","name":"private-subnet","provider_config_key":"aws","expressions":{"cidr_block":{"constant_value":"192.168.100.128/25"},"tags":{"constant_value":{"Name":"private-subnet"}},"vpc_id":{"references":["aws_vpc.main"]}},"schema_version":1,"raw_data":{"FileName":"main.tf","StartLine":44,"EndLine":51}},{"address":"aws_subnet.public-subnet","mode":"managed","type":"aws_subnet","name":"public-subnet","provider_config_key":"aws","expressions":{"cidr_block":{"constant_value":"192.168.100.0/25"},"map_public_ip_on_launch":{"constant_value":true},"tags":{"constant_value":{"Name":"public-subnet"}},"vpc_id":{"references":["aws_vpc.main"]}},"schema_version":1,"raw_data":{"FileName":"main.tf","StartLine":10,"EndLine":18}},{"address":"aws_vpc.main","mode":"managed","type":"aws_vpc","name":"main","provider_config_key":"aws","expressions":{"cidr_block":{"constant_value":"192.168.100.0/24"},"enable_dns_support":{"constant_value":true}},"schema_version":1,"raw_data":{"FileName":"main.tf","StartLine":5,"EndLine":8}},{"address":"aws_vpc_endpoint.s3-vpce-gw","mode":"managed","type":"aws_vpc_endpoint","name":"s3-vpce-gw","provider_config_key":"aws","expressions":{"service_name":{"constant_value":"com.amazonaws.us-east-1.s3"},"vpc_id":{"references":["aws_vpc.main"]}},"schema_version":0,"raw_data":{"FileName":"main.tf","StartLine":131,"EndLine":134}},{"address":"aws_vpc_endpoint_route_table_association.vpce-gw-to-private-rtb-assoc","mode":"managed","type":"aws_vpc_endpoint_route_table_association","name":"vpce-gw-to-private-rtb-assoc","provider_config_key":"aws","expressions":{"route_table_id":{"references":["aws_route_table.private-rtb"]},"vpc_endpoint_id":{"references":["aws_vpc_endpoint.s3-vpce-gw"]}},"schema_version":0,"raw_data":{"FileName":"main.tf","StartLine":39,"EndLine":42}},{"address":"data.aws_ami.ubuntu","mode":"data","type":"aws_ami","name":"ubuntu","provider_config_key":"aws","expressions":{"filter":[{"name":{"constant_value":"name"},"values":{"constant_value":["ubuntu/images/hvm-ssd/ubuntu-xenial-16.04-amd64-server-*"]}},{"name":{"constant_value":"virtualization-type"},"values":{"constant_value":["hvm"]}}],"most_recent":{"constant_value":true},"owners":{"constant_value":["099720109477"]}},"schema_version":0,"raw_data":{"FileName":"main.tf","StartLine":136,"EndLine":150}}]}}}
