{"format_version":"0.1","terraform_version":"0.12.29","planned_values":{"root_module":{"resources":[{"address":"aws_default_security_group.dsg","mode":"managed","type":"aws_default_security_group","name":"dsg","provider_name":"aws","schema_version":1,"values":{"revoke_rules_on_delete":false,"tags":null,"vpc_id":"aws_vpc.vpc1.id"}},{"address":"aws_instance.inst1","mode":"managed","type":"aws_instance","name":"inst1","provider_name":"aws","schema_version":1,"values":{"ami":"ami-04e9aec1ab665f323","credit_specification":[],"disable_api_termination":null,"ebs_optimized":null,"get_password_data":false,"hibernation":null,"iam_instance_profile":null,"instance_initiated_shutdown_behavior":null,"instance_type":"t3.micro","monitoring":null,"source_dest_check":true,"subnet_id":"aws_subnet.subnet1.id","tags":null,"timeouts":null,"user_data":null,"user_data_base64":null,"volume_tags":null,"vpc_security_group_ids":["aws_default_security_group.dsg.id"]}},{"address":"aws_instance.inst2","mode":"managed","type":"aws_instance","name":"inst2","provider_name":"aws","schema_version":1,"values":{"ami":"ami-04e9aec1ab665f323","credit_specification":[],"disable_api_termination":null,"ebs_optimized":null,"get_password_data":false,"hibernation":null,"iam_instance_profile":null,"instance_initiated_shutdown_behavior":null,"instance_type":"t3.micro","monitoring":null,"source_dest_check":true,"subnet_id":"aws_subnet.subnet1.id","tags":null,"timeouts":null,"user_data":null,"user_data_base64":null,"volume_tags":null,"vpc_security_group_ids":["aws_default_security_group.dsg.id"]}},{"address":"aws_instance.inst3","mode":"managed","type":"aws_instance","name":"inst3","provider_name":"aws","schema_version":1,"values":{"ami":"ami-04e9aec1ab665f323","credit_specification":[],"disable_api_termination":null,"ebs_optimized":null,"get_password_data":false,"hibernation":null,"iam_instance_profile":null,"instance_initiated_shutdown_behavior":null,"instance_type":"t3.micro","monitoring":null,"source_dest_check":true,"subnet_id":"aws_subnet.subnet1.id","tags":null,"timeouts":null,"user_data":null,"user_data_base64":null,"volume_tags":null,"vpc_security_group_ids":["aws_default_security_group.dsg.id"]}},{"address":"aws_lb.test","mode":"managed","type":"aws_lb","name":"test","provider_name":"aws","schema_version":0,"values":{"access_logs":[],"customer_owned_ipv4_pool":null,"drop_invalid_header_fields":false,"enable_cross_zone_load_balancing":null,"enable_deletion_protection":false,"enable_http2":true,"idle_timeout":60,"internal":true,"load_balancer_type":"application","name":"test123","name_prefix":null,"subnets":["aws_subnet.subnet1.id","aws_subnet.subnet2.id"],"tags":null,"timeouts":null}},{"address":"aws_lb_listener.listener","mode":"managed","type":"aws_lb_listener","name":"listener","provider_name":"aws","schema_version":0,"values":{"certificate_arn":null,"default_action":[{"authenticate_cognito":[],"authenticate_oidc":[],"fixed_response":[],"forward":[],"redirect":[],"target_group_arn":"aws_lb_target_group.test.arn","type":"forward"}],"load_balancer_arn":"aws_lb.test.arn","port":22,"timeouts":null}},{"address":"aws_lb_target_group.test","mode":"managed","type":"aws_lb_target_group","name":"test","provider_name":"aws","schema_version":0,"values":{"deregistration_delay":300,"lambda_multi_value_headers_enabled":false,"name_prefix":null,"port":22,"protocol":"TCP","proxy_protocol_v2":false,"slow_start":0,"tags":null,"target_type":"instance","vpc_id":"aws_vpc.vpc1.id"}},{"address":"aws_lb_target_group_attachment.attach1","mode":"managed","type":"aws_lb_target_group_attachment","name":"attach1","provider_name":"aws","schema_version":0,"values":{"availability_zone":null,"port":22,"target_group_arn":"aws_lb_target_group.test.arn","target_id":"aws_instance.inst1.id"}},{"address":"aws_lb_target_group_attachment.attach2","mode":"managed","type":"aws_lb_target_group_attachment","name":"attach2","provider_name":"aws","schema_version":0,"values":{"availability_zone":null,"port":22,"target_group_arn":"aws_lb_target_group.test.arn","target_id":"aws_instance.inst2.id"}},{"address":"aws_lb_target_group_attachment.attach3","mode":"managed","type":"aws_lb_target_group_attachment","name":"attach3","provider_name":"aws","schema_version":0,"values":{"availability_zone":null,"port":22,"target_group_arn":"aws_lb_target_group.test.arn","target_id":"aws_instance.inst3.id"}},{"address":"aws_subnet.subnet1","mode":"managed","type":"aws_subnet","name":"subnet1","provider_name":"aws","schema_version":1,"values":{"assign_ipv6_address_on_creation":false,"availability_zone_id":"usw2-az2","cidr_block":"10.10.10.0/24","ipv6_cidr_block":null,"map_public_ip_on_launch":false,"outpost_arn":null,"tags":{"Name":"subnet1"},"timeouts":null,"vpc_id":"aws_vpc.vpc1.id"}},{"address":"aws_subnet.subnet2","mode":"managed","type":"aws_subnet","name":"subnet2","provider_name":"aws","schema_version":1,"values":{"assign_ipv6_address_on_creation":false,"availability_zone_id":"usw2-az1","cidr_block":"10.10.11.0/24","ipv6_cidr_block":null,"map_public_ip_on_launch":false,"outpost_arn":null,"tags":{"Name":"subnet2"},"timeouts":null,"vpc_id":"aws_vpc.vpc1.id"}},{"address":"aws_vpc.vpc1","mode":"managed","type":"aws_vpc","name":"vpc1","provider_name":"aws","schema_version":1,"values":{"assign_generated_ipv6_cidr_block":false,"cidr_block":"10.10.0.0/16","enable_dns_support":true,"instance_tenancy":"default","tags":null}}]}},"resource_changes":[{"address":"aws_default_security_group.dsg","mode":"managed","type":"aws_default_security_group","name":"dsg","provider_name":"aws","change":{"actions":["create"],"before":null,"after":{"revoke_rules_on_delete":false,"tags":null,"vpc_id":"aws_vpc.vpc1.id"},"after_unknown":{"arn":true,"description":true,"egress":true,"id":true,"ingress":true,"name":true,"owner_id":true}}},{"address":"aws_instance.inst1","mode":"managed","type":"aws_instance","name":"inst1","provider_name":"aws","change":{"actions":["create"],"before":null,"after":{"ami":"ami-04e9aec1ab665f323","credit_specification":[],"disable_api_termination":null,"ebs_optimized":null,"get_password_data":false,"hibernation":null,"iam_instance_profile":null,"instance_initiated_shutdown_behavior":null,"instance_type":"t3.micro","monitoring":null,"source_dest_check":true,"subnet_id":"aws_subnet.subnet1.id","tags":null,"timeouts":null,"user_data":null,"user_data_base64":null,"volume_tags":null,"vpc_security_group_ids":["aws_default_security_group.dsg.id"]},"after_unknown":{"arn":true,"associate_public_ip_address":true,"availability_zone":true,"cpu_core_count":true,"cpu_threads_per_core":true,"credit_specification":[],"ebs_block_device":true,"enclave_options":true,"ephemeral_block_device":true,"host_id":true,"id":true,"instance_state":true,"ipv6_address_count":true,"ipv6_addresses":true,"key_name":true,"metadata_options":true,"network_interface":true,"outpost_arn":true,"password_data":true,"placement_group":true,"primary_network_interface_id":true,"private_dns":true,"private_ip":true,"public_dns":true,"public_ip":true,"root_block_device":true,"secondary_private_ips":true,"security_groups":true,"tenancy":true,"vpc_security_group_ids":[false]}}},{"address":"aws_instance.inst2","mode":"managed","type":"aws_instance","name":"inst2","provider_name":"aws","change":{"actions":["create"],"before":null,"after":{"ami":"ami-04e9aec1ab665f323","credit_specification":[],"disable_api_termination":null,"ebs_optimized":null,"get_password_data":false,"hibernation":null,"iam_instance_profile":null,"instance_initiated_shutdown_behavior":null,"instance_type":"t3.micro","monitoring":null,"source_dest_check":true,"subnet_id":"aws_subnet.subnet1.id","tags":null,"timeouts":null,"user_data":null,"user_data_base64":null,"volume_tags":null,"vpc_security_group_ids":["aws_default_security_group.dsg.id"]},"after_unknown":{"arn":true,"associate_public_ip_address":true,"availability_zone":true,"cpu_core_count":true,"cpu_threads_per_core":true,"credit_specification":[],"ebs_block_device":true,"enclave_options":true,"ephemeral_block_device":true,"host_id":true,"id":true,"instance_state":true,"ipv6_address_count":true,"ipv6_addresses":true,"key_name":true,"metadata_options":true,"network_interface":true,"outpost_arn":true,"password_data":true,"placement_group":true,"primary_network_interface_id":true,"private_dns":true,"private_ip":true,"public_dns":true,"public_ip":true,"root_block_device":true,"secondary_private_ips":true,"security_groups":true,"tenancy":true,"vpc_security_group_ids":[false]}}},{"address":"aws_instance.inst3","mode":"managed","type":"aws_instance","name":"inst3","provider_name":"aws","change":{"actions":["create"],"before":null,"after":{"ami":"ami-04e9aec1ab665f323","credit_specification":[],"disable_api_termination":null,"ebs_optimized":null,"get_password_data":false,"hibernation":null,"iam_instance_profile":null,"instance_initiated_shutdown_behavior":null,"instance_type":"t3.micro","monitoring":null,"source_dest_check":true,"subnet_id":"aws_subnet.subnet1.id","tags":null,"timeouts":null,"user_data":null,"user_data_base64":null,"volume_tags":null,"vpc_security_group_ids":["aws_default_security_group.dsg.id"]},"after_unknown":{"arn":true,"associate_public_ip_address":true,"availability_zone":true,"cpu_core_count":true,"cpu_threads_per_core":true,"credit_specification":[],"ebs_block_device":true,"enclave_options":true,"ephemeral_block_device":true,"host_id":true,"id":true,"instance_state":true,"ipv6_address_count":true,"ipv6_addresses":true,"key_name":true,"metadata_options":true,"network_interface":true,"outpost_arn":true,"password_data":true,"placement_group":true,"primary_network_interface_id":true,"private_dns":true,"private_ip":true,"public_dns":true,"public_ip":true,"root_block_device":true,"secondary_private_ips":true,"security_groups":true,"tenancy":true,"vpc_security_group_ids":[false]}}},{"address":"aws_lb.test","mode":"managed","type":"aws_lb","name":"test","provider_name":"aws","change":{"actions":["create"],"before":null,"after":{"access_logs":[],"customer_owned_ipv4_pool":null,"drop_invalid_header_fields":false,"enable_cross_zone_load_balancing":null,"enable_deletion_protection":false,"enable_http2":true,"idle_timeout":60,"internal":true,"load_balancer_type":"application","name":"test123","name_prefix":null,"subnets":["aws_subnet.subnet1.id","aws_subnet.subnet2.id"],"tags":null,"timeouts":null},"after_unknown":{"access_logs":[],"arn":true,"arn_suffix":true,"dns_name":true,"id":true,"ip_address_type":true,"security_groups":true,"subnet_mapping":true,"subnets":[false,false],"vpc_id":true,"zone_id":true}}},{"address":"aws_lb_listener.listener","mode":"managed","type":"aws_lb_listener","name":"listener","provider_name":"aws","change":{"actions":["create"],"before":null,"after":{"certificate_arn":null,"default_action":[{"authenticate_cognito":[],"authenticate_oidc":[],"fixed_response":[],"forward":[],"redirect":[],"target_group_arn":"aws_lb_target_group.test.arn","type":"forward"}],"load_balancer_arn":"aws_lb.test.arn","port":22,"timeouts":null},"after_unknown":{"arn":true,"default_action":[{"authenticate_cognito":[],"authenticate_oidc":[],"fixed_response":[],"forward":[],"order":true,"redirect":[]}],"id":true,"protocol":true,"ssl_policy":true}}},{"address":"aws_lb_target_group.test","mode":"managed","type":"aws_lb_target_group","name":"test","provider_name":"aws","change":{"actions":["create"],"before":null,"after":{"deregistration_delay":300,"lambda_multi_value_headers_enabled":false,"name_prefix":null,"port":22,"protocol":"TCP","proxy_protocol_v2":false,"slow_start":0,"tags":null,"target_type":"instance","vpc_id":"aws_vpc.vpc1.id"},"after_unknown":{"arn":true,"arn_suffix":true,"health_check":true,"id":true,"load_balancing_algorithm_type":true,"name":true,"stickiness":true}}},{"address":"aws_lb_target_group_attachment.attach1","mode":"managed","type":"aws_lb_target_group_attachment","name":"attach1","provider_name":"aws","change":{"actions":["create"],"before":null,"after":{"availability_zone":null,"port":22,"target_group_arn":"aws_lb_target_group.test.arn","target_id":"aws_instance.inst1.id"},"after_unknown":{"id":true}}},{"address":"aws_lb_target_group_attachment.attach2","mode":"managed","type":"aws_lb_target_group_attachment","name":"attach2","provider_name":"aws","change":{"actions":["create"],"before":null,"after":{"availability_zone":null,"port":22,"target_group_arn":"aws_lb_target_group.test.arn","target_id":"aws_instance.inst2.id"},"after_unknown":{"id":true}}},{"address":"aws_lb_target_group_attachment.attach3","mode":"managed","type":"aws_lb_target_group_attachment","name":"attach3","provider_name":"aws","change":{"actions":["create"],"before":null,"after":{"availability_zone":null,"port":22,"target_group_arn":"aws_lb_target_group.test.arn","target_id":"aws_instance.inst3.id"},"after_unknown":{"id":true}}},{"address":"aws_subnet.subnet1","mode":"managed","type":"aws_subnet","name":"subnet1","provider_name":"aws","change":{"actions":["create"],"before":null,"after":{"assign_ipv6_address_on_creation":false,"availability_zone_id":"usw2-az2","cidr_block":"10.10.10.0/24","ipv6_cidr_block":null,"map_public_ip_on_launch":false,"outpost_arn":null,"tags":{"Name":"subnet1"},"timeouts":null,"vpc_id":"aws_vpc.vpc1.id"},"after_unknown":{"arn":true,"availability_zone":true,"id":true,"ipv6_cidr_block_association_id":true,"owner_id":true,"tags":{}}}},{"address":"aws_subnet.subnet2","mode":"managed","type":"aws_subnet","name":"subnet2","provider_name":"aws","change":{"actions":["create"],"before":null,"after":{"assign_ipv6_address_on_creation":false,"availability_zone_id":"usw2-az1","cidr_block":"10.10.11.0/24","ipv6_cidr_block":null,"map_public_ip_on_launch":false,"outpost_arn":null,"tags":{"Name":"subnet2"},"timeouts":null,"vpc_id":"aws_vpc.vpc1.id"},"after_unknown":{"arn":true,"availability_zone":true,"id":true,"ipv6_cidr_block_association_id":true,"owner_id":true,"tags":{}}}},{"address":"aws_vpc.vpc1","mode":"managed","type":"aws_vpc","name":"vpc1","provider_name":"aws","change":{"actions":["create"],"before":null,"after":{"assign_generated_ipv6_cidr_block":false,"cidr_block":"10.10.0.0/16","enable_dns_support":true,"instance_tenancy":"default","tags":null},"after_unknown":{"arn":true,"default_network_acl_id":true,"default_route_table_id":true,"default_security_group_id":true,"dhcp_options_id":true,"enable_classiclink":true,"enable_classiclink_dns_support":true,"enable_dns_hostnames":true,"id":true,"ipv6_association_id":true,"ipv6_cidr_block":true,"main_route_table_id":true,"owner_id":true}}}],"prior_state":{"format_version":"0.1","terraform_version":"0.12.29","values":{"root_module":{"resources":[{"address":"data.aws_ami.ubuntu","mode":"data","type":"aws_ami","name":"ubuntu","provider_name":"aws","schema_version":0,"values":{"architecture":"x86_64","arn":"arn:aws:ec2:us-west-2::image/ami-04e9aec1ab665f323","block_device_mappings":[{"device_name":"/dev/sda1","ebs":{"delete_on_termination":"true","encrypted":"false","iops":"0","snapshot_id":"snap-0d9690ab96bbfd555","volume_size":"8","volume_type":"gp2"},"no_device":"","virtual_name":""},{"device_name":"/dev/sdb","ebs":{},"no_device":"","virtual_name":"ephemeral0"},{"device_name":"/dev/sdc","ebs":{},"no_device":"","virtual_name":"ephemeral1"}],"creation_date":"2021-01-20T18:30:02.000Z","description":"Canonical, Ubuntu, 16.04 LTS, amd64 xenial image build on 2021-01-19","executable_users":null,"filter":[{"name":"name","values":["ubuntu/images/hvm-ssd/ubuntu-xenial-16.04-amd64-server-*"]},{"name":"virtualization-type","values":["hvm"]}],"hypervisor":"xen","id":"ami-04e9aec1ab665f323","image_id":"ami-04e9aec1ab665f323","image_location":"099720109477/ubuntu/images/hvm-ssd/ubuntu-xenial-16.04-amd64-server-20210119","image_owner_alias":null,"image_type":"machine","kernel_id":null,"most_recent":true,"name":"ubuntu/images/hvm-ssd/ubuntu-xenial-16.04-amd64-server-20210119","name_regex":null,"owner_id":"099720109477","owners":["099720109477"],"platform":null,"product_codes":[],"public":true,"ramdisk_id":null,"root_device_name":"/dev/sda1","root_device_type":"ebs","root_snapshot_id":"snap-0d9690ab96bbfd555","sriov_net_support":"simple","state":"available","state_reason":{"code":"UNSET","message":"UNSET"},"tags":{},"virtualization_type":"hvm"}},{"address":"data.aws_availability_zones.available","mode":"data","type":"aws_availability_zones","name":"available","provider_name":"aws","schema_version":0,"values":{"all_availability_zones":null,"exclude_names":null,"exclude_zone_ids":null,"filter":null,"group_names":["us-west-2"],"id":"us-west-2","names":["us-west-2a","us-west-2b","us-west-2c","us-west-2d"],"state":"available","zone_ids":["usw2-az2","usw2-az1","usw2-az3","usw2-az4"]}}]}}},"configuration":{"provider_config":{"aws":{"name":"aws","expressions":{"profile":{"constant_value":"default"},"region":{"constant_value":"us-west-2"}}}},"root_module":{"resources":[{"address":"aws_default_security_group.dsg","mode":"managed","type":"aws_default_security_group","name":"dsg","provider_config_key":"aws","expressions":{"vpc_id":{"references":["aws_vpc.vpc1"]}},"schema_version":1,"raw_data":{"FileName":"main.tf","StartLine":63,"EndLine":65}},{"address":"aws_instance.inst1","mode":"managed","type":"aws_instance","name":"inst1","provider_config_key":"aws","expressions":{"ami":{"references":["data.aws_ami.ubuntu"]},"instance_type":{"constant_value":"t3.micro"},"subnet_id":{"references":["aws_subnet.subnet1"]},"vpc_security_group_ids":{"references":["aws_default_security_group.dsg"]}},"schema_version":1,"raw_data":{"FileName":"main.tf","StartLine":82,"EndLine":87}},{"address":"aws_instance.inst2","mode":"managed","type":"aws_instance","name":"inst2","provider_config_key":"aws","expressions":{"ami":{"references":["data.aws_ami.ubuntu"]},"instance_type":{"constant_value":"t3.micro"},"subnet_id":{"references":["aws_subnet.subnet1"]},"vpc_security_group_ids":{"references":["aws_default_security_group.dsg"]}},"schema_version":1,"raw_data":{"FileName":"main.tf","StartLine":95,"EndLine":100}},{"address":"aws_instance.inst3","mode":"managed","type":"aws_instance","name":"inst3","provider_config_key":"aws","expressions":{"ami":{"references":["data.aws_ami.ubuntu"]},"instance_type":{"constant_value":"t3.micro"},"subnet_id":{"references":["aws_subnet.subnet1"]},"vpc_security_group_ids":{"references":["aws_default_security_group.dsg"]}},"schema_version":1,"raw_data":{"FileName":"main.tf","StartLine":108,"EndLine":113}},{"address":"aws_lb.test","mode":"managed","type":"aws_lb","name":"test","provider_config_key":"aws","expressions":{"internal":{"constant_value":true},"load_balancer_type":{"constant_value":"application"},"name":{"constant_value":"test123"},"subnets":{"references":["aws_subnet.subnet1","aws_subnet.subnet2"]}},"schema_version":0,"raw_data":{"FileName":"main.tf","StartLine":49,"EndLine":54}},{"address":"aws_lb_listener.listener","mode":"managed","type":"aws_lb_listener","name":"listener","provider_config_key":"aws","expressions":{"default_action":[{"target_group_arn":{"references":["aws_lb_target_group.test"]},"type":{"constant_value":"forward"}}],"load_balancer_arn":{"references":["aws_lb.test"]},"port":{"constant_value":22}},"schema_version":0,"raw_data":{"FileName":"main.tf","StartLine":67,"EndLine":74}},{"address":"aws_lb_target_group.test","mode":"managed","type":"aws_lb_target_group","name":"test","provider_config_key":"aws","expressions":{"port":{"constant_value":22},"protocol":{"constant_value":"TCP"},"target_type":{"constant_value":"instance"},"vpc_id":{"references":["aws_vpc.vpc1"]}},"schema_version":0,"raw_data":{"FileName":"main.tf","StartLine":56,"EndLine":61}},{"address":"aws_lb_target_group_attachment.attach1","mode":"managed","type":"aws_lb_target_group_attachment","name":"attach1","provider_config_key":"aws","expressions":{"port":{"constant_value":22},"target_group_arn":{"references":["aws_lb_target_group.test"]},"target_id":{"references":["aws_instance.inst1"]}},"schema_version":0,"raw_data":{"FileName":"main.tf","StartLine":76,"EndLine":80}},{"address":"aws_lb_target_group_attachment.attach2","mode":"managed","type":"aws_lb_target_group_attachment","name":"attach2","provider_config_key":"aws","expressions":{"port":{"constant_value":22},"target_group_arn":{"references":["aws_lb_target_group.test"]},"target_id":{"references":["aws_instance.inst2"]}},"schema_version":0,"raw_data":{"FileName":"main.tf","StartLine":89,"EndLine":93}},{"address":"aws_lb_target_group_attachment.attach3","mode":"managed","type":"aws_lb_target_group_attachment","name":"attach3","provider_config_key":"aws","expressions":{"port":{"constant_value":22},"target_group_arn":{"references":["aws_lb_target_group.test"]},"target_id":{"references":["aws_instance.inst3"]}},"schema_version":0,"raw_data":{"FileName":"main.tf","StartLine":102,"EndLine":106}},{"address":"aws_subnet.subnet1","mode":"managed","type":"aws_subnet","name":"subnet1","provider_config_key":"aws","expressions":{"availability_zone_id":{"references":["data.aws_availability_zones.available"]},"cidr_block":{"constant_value":"10.10.10.0/24"},"tags":{"constant_value":{"Name":"subnet1"}},"vpc_id":{"references":["aws_vpc.vpc1"]}},"schema_version":1,"raw_data":{"FileName":"main.tf","StartLine":30,"EndLine":37}},{"address":"aws_subnet.subnet2","mode":"managed","type":"aws_subnet","name":"subnet2","provider_config_key":"aws","expressions":{"availability_zone_id":{"references":["data.aws_availability_zones.available"]},"cidr_block":{"constant_value":"10.10.11.0/24"},"tags":{"constant_value":{"Name":"subnet2"}},"vpc_id":{"references":["aws_vpc.vpc1"]}},"schema_version":1,"raw_data":{"FileName":"main.tf","StartLine":39,"EndLine":47}},{"address":"aws_vpc.vpc1","mode":"managed","type":"aws_vpc","name":"vpc1","provider_config_key":"aws","expressions":{"cidr_block":{"constant_value":"10.10.0.0/16"}},"schema_version":1,"raw_data":{"FileName":"main.tf","StartLine":26,"EndLine":28}},{"address":"data.aws_ami.ubuntu","mode":"data","type":"aws_ami","name":"ubuntu","provider_config_key":"aws","expressions":{"filter":[{"name":{"constant_value":"name"},"values":{"constant_value":["ubuntu/images/hvm-ssd/ubuntu-xenial-16.04-amd64-server-*"]}},{"name":{"constant_value":"virtualization-type"},"values":{"constant_value":["hvm"]}}],"most_recent":{"constant_value":true},"owners":{"constant_value":["099720109477"]}},"schema_version":0,"raw_data":{"FileName":"main.tf","StartLine":10,"EndLine":24}},{"address":"data.aws_availability_zones.available","mode":"data","type":"aws_availability_zones","name":"available","provider_config_key":"aws","expressions":{"state":{"constant_value":"available"}},"schema_version":0,"raw_data":{"FileName":"main.tf","StartLine":6,"EndLine":8}}]}}}
