{"format_version":"0.1","terraform_version":"0.14.6","planned_values":{"root_module":{"resources":[{"address":"aws_autoscaling_group.test-autoscaling-group","mode":"managed","type":"aws_autoscaling_group","name":"test-autoscaling-group","provider_name":"registry.terraform.io/hashicorp/aws","schema_version":0,"values":{"capacity_rebalance":null,"enabled_metrics":null,"force_delete":false,"force_delete_warm_pool":false,"health_check_grace_period":300,"initial_lifecycle_hook":[],"instance_refresh":[],"launch_configuration":null,"launch_template":[{"id":"aws_launch_template.test-launch-template.id","name":null,"version":"$Latest"}],"load_balancers":null,"max_instance_lifetime":null,"max_size":5,"metrics_granularity":"1Minute","min_elb_capacity":null,"min_size":2,"mixed_instances_policy":[],"name":"test-autoscaling-group","placement_group":null,"protect_from_scale_in":false,"suspended_processes":null,"tag":[{"key":"foo","propagate_at_launch":true,"value":"bar"},{"key":"lorem","propagate_at_launch":false,"value":"ipsum"}],"tags":null,"target_group_arns":null,"termination_policies":null,"timeouts":{"delete":"15m"},"vpc_zone_identifier":["aws_subnet.private-subnet.id"],"wait_for_capacity_timeout":"10m","wait_for_elb_capacity":null,"warm_pool":[]}},{"address":"aws_launch_template.test-launch-template","mode":"managed","type":"aws_launch_template","name":"test-launch-template","provider_name":"registry.terraform.io/hashicorp/aws","schema_version":0,"values":{"block_device_mappings":[],"capacity_reservation_specification":[],"cpu_options":[],"credit_specification":[],"description":null,"disable_api_termination":null,"ebs_optimized":null,"elastic_gpu_specifications":[],"elastic_inference_accelerator":[],"enclave_options":[],"hibernation_options":[],"iam_instance_profile":[],"image_id":"ami-000b3a073fc20e415","instance_initiated_shutdown_behavior":null,"instance_market_options":[],"instance_type":"t2.micro","kernel_id":null,"key_name":null,"license_specification":[],"metadata_options":[],"monitoring":[],"name_prefix":"test-launch-template","network_interfaces":[{"associate_carrier_ip_address":null,"associate_public_ip_address":null,"delete_on_termination":null,"description":null,"device_index":null,"interface_type":null,"ipv4_address_count":null,"ipv4_addresses":null,"ipv6_address_count":null,"ipv6_addresses":null,"network_interface_id":null,"private_ip_address":null,"security_groups":["aws_security_group.allow-http.id"],"subnet_id":"aws_subnet.private-subnet.id"}],"placement":[],"ram_disk_id":null,"security_group_names":null,"tag_specifications":[],"tags":null,"update_default_version":null,"user_data":null,"vpc_security_group_ids":null}},{"address":"aws_security_group.allow-http","mode":"managed","type":"aws_security_group","name":"allow-http","provider_name":"registry.terraform.io/hashicorp/aws","schema_version":1,"values":{"description":"allow http","egress":[{"cidr_blocks":["0.0.0.0/0"],"description":null,"from_port":0,"ipv6_cidr_blocks":null,"prefix_list_ids":null,"protocol":"-1","security_groups":null,"self":null,"to_port":0}],"ingress":[{"cidr_blocks":["0.0.0.0/0"],"description":null,"from_port":80,"ipv6_cidr_blocks":null,"prefix_list_ids":null,"protocol":"TCP","security_groups":null,"self":null,"to_port":80}],"revoke_rules_on_delete":false,"tags":null,"timeouts":null,"vpc_id":"aws_vpc.main.id"}},{"address":"aws_subnet.private-subnet","mode":"managed","type":"aws_subnet","name":"private-subnet","provider_name":"registry.terraform.io/hashicorp/aws","schema_version":1,"values":{"assign_ipv6_address_on_creation":false,"cidr_block":"192.168.100.128/25","customer_owned_ipv4_pool":null,"ipv6_cidr_block":null,"map_customer_owned_ip_on_launch":null,"map_public_ip_on_launch":true,"outpost_arn":null,"tags":{"Name":"private-subnet"},"tags_all":{"Name":"private-subnet"},"timeouts":null,"vpc_id":"aws_vpc.main.id"}},{"address":"aws_vpc.main","mode":"managed","type":"aws_vpc","name":"main","provider_name":"registry.terraform.io/hashicorp/aws","schema_version":1,"values":{"assign_generated_ipv6_cidr_block":false,"cidr_block":"192.168.100.0/24","enable_dns_support":true,"instance_tenancy":"default","tags":null}}]}},"resource_changes":[{"address":"aws_autoscaling_group.test-autoscaling-group","mode":"managed","type":"aws_autoscaling_group","name":"test-autoscaling-group","provider_name":"registry.terraform.io/hashicorp/aws","change":{"actions":["create"],"before":null,"after":{"capacity_rebalance":null,"enabled_metrics":null,"force_delete":false,"force_delete_warm_pool":false,"health_check_grace_period":300,"initial_lifecycle_hook":[],"instance_refresh":[],"launch_configuration":null,"launch_template":[{"id":"aws_launch_template.test-launch-template.id","name":null,"version":"$Latest"}],"load_balancers":null,"max_instance_lifetime":null,"max_size":5,"metrics_granularity":"1Minute","min_elb_capacity":null,"min_size":2,"mixed_instances_policy":[],"name":"test-autoscaling-group","placement_group":null,"protect_from_scale_in":false,"suspended_processes":null,"tag":[{"key":"foo","propagate_at_launch":true,"value":"bar"},{"key":"lorem","propagate_at_launch":false,"value":"ipsum"}],"tags":null,"target_group_arns":null,"termination_policies":null,"timeouts":{"delete":"15m"},"vpc_zone_identifier":["aws_subnet.private-subnet.id"],"wait_for_capacity_timeout":"10m","wait_for_elb_capacity":null,"warm_pool":[]},"after_unknown":{"arn":true,"availability_zones":true,"default_cooldown":true,"desired_capacity":true,"health_check_type":true,"id":true,"initial_lifecycle_hook":[],"instance_refresh":[],"launch_template":[{}],"mixed_instances_policy":[],"name_prefix":true,"service_linked_role_arn":true,"tag":[{},{}],"timeouts":{},"vpc_zone_identifier":[false],"warm_pool":[]}}},{"address":"aws_launch_template.test-launch-template","mode":"managed","type":"aws_launch_template","name":"test-launch-template","provider_name":"registry.terraform.io/hashicorp/aws","change":{"actions":["create"],"before":null,"after":{"block_device_mappings":[],"capacity_reservation_specification":[],"cpu_options":[],"credit_specification":[],"description":null,"disable_api_termination":null,"ebs_optimized":null,"elastic_gpu_specifications":[],"elastic_inference_accelerator":[],"enclave_options":[],"hibernation_options":[],"iam_instance_profile":[],"image_id":"ami-000b3a073fc20e415","instance_initiated_shutdown_behavior":null,"instance_market_options":[],"instance_type":"t2.micro","kernel_id":null,"key_name":null,"license_specification":[],"metadata_options":[],"monitoring":[],"name_prefix":"test-launch-template","network_interfaces":[{"associate_carrier_ip_address":null,"associate_public_ip_address":null,"delete_on_termination":null,"description":null,"device_index":null,"interface_type":null,"ipv4_address_count":null,"ipv4_addresses":null,"ipv6_address_count":null,"ipv6_addresses":null,"network_interface_id":null,"private_ip_address":null,"security_groups":["aws_security_group.allow-http.id"],"subnet_id":"aws_subnet.private-subnet.id"}],"placement":[],"ram_disk_id":null,"security_group_names":null,"tag_specifications":[],"tags":null,"update_default_version":null,"user_data":null,"vpc_security_group_ids":null},"after_unknown":{"arn":true,"block_device_mappings":[],"capacity_reservation_specification":[],"cpu_options":[],"credit_specification":[],"default_version":true,"elastic_gpu_specifications":[],"elastic_inference_accelerator":[],"enclave_options":[],"hibernation_options":[],"iam_instance_profile":[],"id":true,"instance_market_options":[],"latest_version":true,"license_specification":[],"metadata_options":[],"monitoring":[],"name":true,"network_interfaces":[{"security_groups":[false]}],"placement":[],"tag_specifications":[],"tags_all":true}}},{"address":"aws_security_group.allow-http","mode":"managed","type":"aws_security_group","name":"allow-http","provider_name":"registry.terraform.io/hashicorp/aws","change":{"actions":["create"],"before":null,"after":{"description":"allow http","egress":[{"cidr_blocks":["0.0.0.0/0"],"description":null,"from_port":0,"ipv6_cidr_blocks":null,"prefix_list_ids":null,"protocol":"-1","security_groups":null,"self":null,"to_port":0}],"ingress":[{"cidr_blocks":["0.0.0.0/0"],"description":null,"from_port":80,"ipv6_cidr_blocks":null,"prefix_list_ids":null,"protocol":"TCP","security_groups":null,"self":null,"to_port":80}],"revoke_rules_on_delete":false,"tags":null,"timeouts":null,"vpc_id":"aws_vpc.main.id"},"after_unknown":{"arn":true,"egress":[{"cidr_blocks":[false]}],"id":true,"ingress":[{"cidr_blocks":[false]}],"name":true,"name_prefix":true,"owner_id":true,"tags_all":true}}},{"address":"aws_subnet.private-subnet","mode":"managed","type":"aws_subnet","name":"private-subnet","provider_name":"registry.terraform.io/hashicorp/aws","change":{"actions":["create"],"before":null,"after":{"assign_ipv6_address_on_creation":false,"cidr_block":"192.168.100.128/25","customer_owned_ipv4_pool":null,"ipv6_cidr_block":null,"map_customer_owned_ip_on_launch":null,"map_public_ip_on_launch":true,"outpost_arn":null,"tags":{"Name":"private-subnet"},"tags_all":{"Name":"private-subnet"},"timeouts":null,"vpc_id":"aws_vpc.main.id"},"after_unknown":{"arn":true,"availability_zone":true,"availability_zone_id":true,"id":true,"ipv6_cidr_block_association_id":true,"owner_id":true,"tags":{},"tags_all":{}}}},{"address":"aws_vpc.main","mode":"managed","type":"aws_vpc","name":"main","provider_name":"registry.terraform.io/hashicorp/aws","change":{"actions":["create"],"before":null,"after":{"assign_generated_ipv6_cidr_block":false,"cidr_block":"192.168.100.0/24","enable_dns_support":true,"instance_tenancy":"default","tags":null},"after_unknown":{"arn":true,"default_network_acl_id":true,"default_route_table_id":true,"default_security_group_id":true,"dhcp_options_id":true,"enable_classiclink":true,"enable_classiclink_dns_support":true,"enable_dns_hostnames":true,"id":true,"ipv6_association_id":true,"ipv6_cidr_block":true,"main_route_table_id":true,"owner_id":true,"tags_all":true}}}],"prior_state":{"format_version":"0.1","terraform_version":"0.14.6","values":{"root_module":{"resources":[{"address":"data.aws_ami.ubuntu-ami","mode":"data","type":"aws_ami","name":"ubuntu-ami","provider_name":"registry.terraform.io/hashicorp/aws","schema_version":0,"values":{"architecture":"x86_64","arn":"arn:aws:ec2:us-east-1::image/ami-000b3a073fc20e415","block_device_mappings":[{"device_name":"/dev/sda1","ebs":{"delete_on_termination":"true","encrypted":"false","iops":"0","snapshot_id":"snap-0d0c75281cdaf5fe5","throughput":"0","volume_size":"8","volume_type":"gp2"},"no_device":"","virtual_name":""},{"device_name":"/dev/sdb","ebs":{},"no_device":"","virtual_name":"ephemeral0"},{"device_name":"/dev/sdc","ebs":{},"no_device":"","virtual_name":"ephemeral1"}],"creation_date":"2019-11-11T13:12:33.000Z","description":"Canonical, Ubuntu, 14.04 LTS, amd64 trusty image build on 2019-11-07","ena_support":true,"executable_users":null,"filter":[{"name":"name","values":["ubuntu/images/hvm-ssd/ubuntu-trusty-14.04-amd64-server-*"]},{"name":"virtualization-type","values":["hvm"]}],"hypervisor":"xen","id":"ami-000b3a073fc20e415","image_id":"ami-000b3a073fc20e415","image_location":"099720109477/ubuntu/images/hvm-ssd/ubuntu-trusty-14.04-amd64-server-20191107","image_owner_alias":null,"image_type":"machine","kernel_id":null,"most_recent":true,"name":"ubuntu/images/hvm-ssd/ubuntu-trusty-14.04-amd64-server-20191107","name_regex":null,"owner_id":"099720109477","owners":["099720109477"],"platform":null,"platform_details":"Linux/UNIX","product_codes":[],"public":true,"ramdisk_id":null,"root_device_name":"/dev/sda1","root_device_type":"ebs","root_snapshot_id":"snap-0d0c75281cdaf5fe5","sriov_net_support":"simple","state":"available","state_reason":{"code":"UNSET","message":"UNSET"},"tags":{},"usage_operation":"RunInstances","virtualization_type":"hvm"}}]}}},"configuration":{"provider_config":{"aws":{"name":"aws","expressions":{"region":{"constant_value":"us-east-1"}}}},"root_module":{"resources":[{"address":"aws_autoscaling_group.test-autoscaling-group","mode":"managed","type":"aws_autoscaling_group","name":"test-autoscaling-group","provider_config_key":"aws","expressions":{"launch_template":[{"id":{"references":["aws_launch_template.test-launch-template"]},"version":{"constant_value":"$Latest"}}],"max_size":{"constant_value":5},"min_size":{"constant_value":2},"name":{"constant_value":"test-autoscaling-group"},"tag":[{"key":{"constant_value":"foo"},"propagate_at_launch":{"constant_value":true},"value":{"constant_value":"bar"}},{"key":{"constant_value":"lorem"},"propagate_at_launch":{"constant_value":false},"value":{"constant_value":"ipsum"}}],"timeouts":{"delete":{"constant_value":"15m"}},"vpc_zone_identifier":{"references":["aws_subnet.private-subnet"]}},"schema_version":0,"raw_data":{"FileName":"main.tf","StartLine":2,"EndLine":28}},{"address":"aws_launch_template.test-launch-template","mode":"managed","type":"aws_launch_template","name":"test-launch-template","provider_config_key":"aws","expressions":{"image_id":{"references":["data.aws_ami.ubuntu-ami"]},"instance_type":{"constant_value":"t2.micro"},"name_prefix":{"constant_value":"test-launch-template"},"network_interfaces":[{"security_groups":{"references":["aws_security_group.allow-http"]},"subnet_id":{"references":["aws_subnet.private-subnet"]}}]},"schema_version":0,"raw_data":{"FileName":"main.tf","StartLine":46,"EndLine":55}},{"address":"aws_security_group.allow-http","mode":"managed","type":"aws_security_group","name":"allow-http","provider_config_key":"aws","expressions":{"description":{"constant_value":"allow http"},"vpc_id":{"references":["aws_vpc.main"]}},"schema_version":1,"raw_data":{"FileName":"main.tf","StartLine":71,"EndLine":87}},{"address":"aws_subnet.private-subnet","mode":"managed","type":"aws_subnet","name":"private-subnet","provider_config_key":"aws","expressions":{"cidr_block":{"constant_value":"192.168.100.128/25"},"map_public_ip_on_launch":{"constant_value":true},"tags":{"constant_value":{"Name":"private-subnet"}},"vpc_id":{"references":["aws_vpc.main"]}},"schema_version":1,"raw_data":{"FileName":"main.tf","StartLine":61,"EndLine":69}},{"address":"aws_vpc.main","mode":"managed","type":"aws_vpc","name":"main","provider_config_key":"aws","expressions":{"cidr_block":{"constant_value":"192.168.100.0/24"}},"schema_version":1,"raw_data":{"FileName":"main.tf","StartLine":57,"EndLine":59}},{"address":"data.aws_ami.ubuntu-ami","mode":"data","type":"aws_ami","name":"ubuntu-ami","provider_config_key":"aws","expressions":{"filter":[{"name":{"constant_value":"name"},"values":{"constant_value":["ubuntu/images/hvm-ssd/ubuntu-trusty-14.04-amd64-server-*"]}},{"name":{"constant_value":"virtualization-type"},"values":{"constant_value":["hvm"]}}],"most_recent":{"constant_value":true},"owners":{"constant_value":["099720109477"]}},"schema_version":0,"raw_data":{"FileName":"main.tf","StartLine":30,"EndLine":44}}]}}}
