{"format_version":"0.1","terraform_version":"0.13.4","planned_values":{"root_module":{"resources":[{"address":"aws_ecr_repository.test","mode":"managed","type":"aws_ecr_repository","name":"test","provider_name":"registry.terraform.io/hashicorp/aws","schema_version":0,"values":{"encryption_configuration":[{"encryption_type":"KMS","kms_key":"aws_kms_key.test.arn"}],"image_scanning_configuration":[],"image_tag_mutability":"MUTABLE","name":"cloudrail-test-encrypted","tags":null,"timeouts":null}},{"address":"aws_kms_key.test","mode":"managed","type":"aws_kms_key","name":"test","provider_name":"registry.terraform.io/hashicorp/aws","schema_version":0,"values":{"customer_master_key_spec":"SYMMETRIC_DEFAULT","deletion_window_in_days":7,"description":"KMS key for ECR","enable_key_rotation":false,"is_enabled":true,"key_usage":"ENCRYPT_DECRYPT","tags":null}}]}},"resource_changes":[{"address":"aws_ecr_repository.test","mode":"managed","type":"aws_ecr_repository","name":"test","provider_name":"registry.terraform.io/hashicorp/aws","change":{"actions":["create"],"before":null,"after":{"encryption_configuration":[{"encryption_type":"KMS","kms_key":"aws_kms_key.test.arn"}],"image_scanning_configuration":[],"image_tag_mutability":"MUTABLE","name":"cloudrail-test-encrypted","tags":null,"timeouts":null},"after_unknown":{"arn":true,"encryption_configuration":[{}],"id":true,"image_scanning_configuration":[],"registry_id":true,"repository_url":true,"tags_all":true}}},{"address":"aws_kms_key.test","mode":"managed","type":"aws_kms_key","name":"test","provider_name":"registry.terraform.io/hashicorp/aws","change":{"actions":["create"],"before":null,"after":{"customer_master_key_spec":"SYMMETRIC_DEFAULT","deletion_window_in_days":7,"description":"KMS key for ECR","enable_key_rotation":false,"is_enabled":true,"key_usage":"ENCRYPT_DECRYPT","tags":null},"after_unknown":{"arn":true,"id":true,"key_id":true,"policy":true,"tags_all":true}}}],"configuration":{"provider_config":{"aws":{"name":"aws","expressions":{"region":{"constant_value":"us-east-1"}}}},"root_module":{"resources":[{"address":"aws_ecr_repository.test","mode":"managed","type":"aws_ecr_repository","name":"test","provider_config_key":"aws","expressions":{"encryption_configuration":[{"encryption_type":{"constant_value":"KMS"},"kms_key":{"references":["aws_kms_key.test"]}}],"image_tag_mutability":{"constant_value":"MUTABLE"},"name":{"constant_value":"cloudrail-test-encrypted"}},"schema_version":0,"raw_data":{"FileName":"main.tf","StartLine":6,"EndLine":14}},{"address":"aws_kms_key.test","mode":"managed","type":"aws_kms_key","name":"test","provider_config_key":"aws","expressions":{"deletion_window_in_days":{"constant_value":7},"description":{"constant_value":"KMS key for ECR"}},"schema_version":0,"raw_data":{"FileName":"main.tf","StartLine":1,"EndLine":4}}]}}}
