{"format_version":"0.1","terraform_version":"0.12.29","planned_values":{"root_module":{"child_modules":[{"resources":[{"address":"module.test_module.aws_athena_workgroup.cloudrail_wg","mode":"managed","type":"aws_athena_workgroup","name":"cloudrail_wg","provider_name":"aws","schema_version":0,"values":{"configuration":[{"bytes_scanned_cutoff_per_query":null,"enforce_workgroup_configuration":true,"publish_cloudwatch_metrics_enabled":true,"result_configuration":[{"encryption_configuration":[{"encryption_option":"SSE_S3","kms_key_arn":null}],"output_location":"s3://{aws_s3_bucket.cloudrail_anthena_bucket.bucket}/output/"}]}],"description":null,"force_destroy":false,"name":"cloudrail-wg-encrypted-sse-s3","state":"ENABLED","tags":{"Env":"Cloudrail","Name":"Athena-tags-test"}}},{"address":"module.test_module.aws_s3_bucket.cloudrail_anthena_bucket","mode":"managed","type":"aws_s3_bucket","name":"cloudrail_anthena_bucket","provider_name":"aws","schema_version":0,"values":{"acl":"private","bucket":"cloudrail-wg-encrypted-sse-s3-tags-test","bucket_prefix":null,"cors_rule":[],"force_destroy":false,"grant":[],"lifecycle_rule":[],"logging":[],"object_lock_configuration":[],"policy":null,"replication_configuration":[],"server_side_encryption_configuration":[],"tags":null,"website":[]}},{"address":"module.test_module.aws_s3_bucket_public_access_block.cloudrail_anthena_bucket","mode":"managed","type":"aws_s3_bucket_public_access_block","name":"cloudrail_anthena_bucket","provider_name":"aws","schema_version":0,"values":{"block_public_acls":true,"block_public_policy":true,"bucket":"module.test_module.aws_s3_bucket.cloudrail_anthena_bucket.id","ignore_public_acls":true,"restrict_public_buckets":true}}],"address":"module.test_module"}]}},"resource_changes":[{"address":"module.test_module.aws_athena_workgroup.cloudrail_wg","module_address":"module.test_module","mode":"managed","type":"aws_athena_workgroup","name":"cloudrail_wg","provider_name":"aws","change":{"actions":["create"],"before":null,"after":{"configuration":[{"bytes_scanned_cutoff_per_query":null,"enforce_workgroup_configuration":true,"publish_cloudwatch_metrics_enabled":true,"result_configuration":[{"encryption_configuration":[{"encryption_option":"SSE_S3","kms_key_arn":null}],"output_location":"s3://{aws_s3_bucket.cloudrail_anthena_bucket.bucket}/output/"}]}],"description":null,"force_destroy":false,"name":"cloudrail-wg-encrypted-sse-s3","state":"ENABLED","tags":{"Env":"Cloudrail","Name":"Athena-tags-test"}},"after_unknown":{"arn":true,"configuration":[{"result_configuration":[{"encryption_configuration":[{}]}]}],"id":true,"tags":{}}}},{"address":"module.test_module.aws_s3_bucket.cloudrail_anthena_bucket","module_address":"module.test_module","mode":"managed","type":"aws_s3_bucket","name":"cloudrail_anthena_bucket","provider_name":"aws","change":{"actions":["create"],"before":null,"after":{"acl":"private","bucket":"cloudrail-wg-encrypted-sse-s3-tags-test","bucket_prefix":null,"cors_rule":[],"force_destroy":false,"grant":[],"lifecycle_rule":[],"logging":[],"object_lock_configuration":[],"policy":null,"replication_configuration":[],"server_side_encryption_configuration":[],"tags":null,"website":[]},"after_unknown":{"acceleration_status":true,"arn":true,"bucket_domain_name":true,"bucket_regional_domain_name":true,"cors_rule":[],"grant":[],"hosted_zone_id":true,"id":true,"lifecycle_rule":[],"logging":[],"object_lock_configuration":[],"region":true,"replication_configuration":[],"request_payer":true,"server_side_encryption_configuration":[],"versioning":true,"website":[],"website_domain":true,"website_endpoint":true}}},{"address":"module.test_module.aws_s3_bucket_public_access_block.cloudrail_anthena_bucket","module_address":"module.test_module","mode":"managed","type":"aws_s3_bucket_public_access_block","name":"cloudrail_anthena_bucket","provider_name":"aws","change":{"actions":["create"],"before":null,"after":{"block_public_acls":true,"block_public_policy":true,"bucket":"module.test_module.aws_s3_bucket.cloudrail_anthena_bucket.id","ignore_public_acls":true,"restrict_public_buckets":true},"after_unknown":{"id":true}}}],"configuration":{"provider_config":{"aws":{"name":"aws","version_constraint":"2.70.0","expressions":{"region":{"constant_value":"us-east-1"}}},"test_module:aws":{"name":"aws","module_address":"test_module","expressions":{"region":{"constant_value":"us-east-1"}}}},"root_module":{"module_calls":{"test_module":{"source":"./athena/encrypted_work_gropup_with_tags","module":{"resources":[{"address":"aws_athena_workgroup.cloudrail_wg","mode":"managed","type":"aws_athena_workgroup","name":"cloudrail_wg","provider_config_key":"test_module:aws","expressions":{"configuration":[{"enforce_workgroup_configuration":{"constant_value":true},"publish_cloudwatch_metrics_enabled":{"constant_value":true},"result_configuration":[{"encryption_configuration":[{"encryption_option":{"constant_value":"SSE_S3"}}],"output_location":{"constant_value":"s3://{aws_s3_bucket.cloudrail_anthena_bucket.bucket}/output/"}}]}],"name":{"constant_value":"cloudrail-wg-encrypted-sse-s3"},"tags":{"constant_value":{"Env":"Cloudrail","Name":"Athena-tags-test"}}},"schema_version":0,"raw_data":{"FileName":"athena/encrypted_work_gropup_with_tags/main.tf","StartLine":18,"EndLine":37}},{"address":"aws_s3_bucket.cloudrail_anthena_bucket","mode":"managed","type":"aws_s3_bucket","name":"cloudrail_anthena_bucket","provider_config_key":"test_module:aws","expressions":{"acl":{"constant_value":"private"},"bucket":{"constant_value":"cloudrail-wg-encrypted-sse-s3-tags-test"}},"schema_version":0,"raw_data":{"FileName":"athena/encrypted_work_gropup_with_tags/main.tf","StartLine":5,"EndLine":8}},{"address":"aws_s3_bucket_public_access_block.cloudrail_anthena_bucket","mode":"managed","type":"aws_s3_bucket_public_access_block","name":"cloudrail_anthena_bucket","provider_config_key":"test_module:aws","expressions":{"block_public_acls":{"constant_value":true},"block_public_policy":{"constant_value":true},"bucket":{"references":["aws_s3_bucket.cloudrail_anthena_bucket"]},"ignore_public_acls":{"constant_value":true},"restrict_public_buckets":{"constant_value":true}},"schema_version":0,"raw_data":{"FileName":"athena/encrypted_work_gropup_with_tags/main.tf","StartLine":10,"EndLine":16}}]},"raw_data":{"FileName":"main.tf","StartLine":7,"EndLine":9}}}}}}
