{"format_version":"0.1","terraform_version":"1.0.1-dev","planned_values":{"root_module":{"resources":[{"address":"azurerm_data_lake_store.datalake-store","mode":"managed","type":"azurerm_data_lake_store","name":"datalake-store","provider_name":"registry.terraform.io/hashicorp/azurerm","schema_version":0,"values":{"encryption_state":"Disabled","firewall_allow_azure_ips":"Disabled","firewall_state":"Disabled","identity":[{"type":"SystemAssigned"}],"location":"westeurope","name":"cr3682datalakesto","resource_group_name":"cr3682-rg","tags":null,"tier":"Commitment_1TB","timeouts":null}},{"address":"azurerm_monitor_diagnostic_setting.example","mode":"managed","type":"azurerm_monitor_diagnostic_setting","name":"example","provider_name":"registry.terraform.io/hashicorp/azurerm","schema_version":0,"values":{"eventhub_authorization_rule_id":null,"eventhub_name":null,"log":[{"category":"Audit","enabled":false,"retention_policy":[{"days":31,"enabled":true}]},{"category":"Requests","enabled":true,"retention_policy":[{"days":31,"enabled":false}]}],"log_analytics_destination_type":null,"log_analytics_workspace_id":null,"metric":[{"category":"AllMetrics","enabled":false,"retention_policy":[{"days":null,"enabled":false}]}],"name":"cr3682diag","storage_account_id":"azurerm_storage_account.example.id","target_resource_id":"azurerm_data_lake_store.datalake-store.id","timeouts":null}},{"address":"azurerm_resource_group.example","mode":"managed","type":"azurerm_resource_group","name":"example","provider_name":"registry.terraform.io/hashicorp/azurerm","schema_version":0,"values":{"location":"westeurope","name":"cr3682-rg","tags":null,"timeouts":null}},{"address":"azurerm_storage_account.example","mode":"managed","type":"azurerm_storage_account","name":"example","provider_name":"registry.terraform.io/hashicorp/azurerm","schema_version":2,"values":{"account_kind":"StorageV2","account_replication_type":"LRS","account_tier":"Standard","allow_blob_public_access":false,"azure_files_authentication":[],"custom_domain":[],"enable_https_traffic_only":true,"is_hns_enabled":false,"location":"westeurope","min_tls_version":"TLS1_0","name":"cr3682dlstacc","nfsv3_enabled":false,"queue_encryption_key_type":"Service","resource_group_name":"cr3682-rg","shared_access_key_enabled":true,"static_website":[],"table_encryption_key_type":"Service","tags":null,"timeouts":null}}]}},"resource_changes":[{"address":"azurerm_data_lake_store.datalake-store","mode":"managed","type":"azurerm_data_lake_store","name":"datalake-store","provider_name":"registry.terraform.io/hashicorp/azurerm","change":{"actions":["create"],"before":null,"after":{"encryption_state":"Disabled","firewall_allow_azure_ips":"Disabled","firewall_state":"Disabled","identity":[{"type":"SystemAssigned"}],"location":"westeurope","name":"cr3682datalakesto","resource_group_name":"cr3682-rg","tags":null,"tier":"Commitment_1TB","timeouts":null},"after_unknown":{"encryption_type":true,"endpoint":true,"id":true,"identity":[{"principal_id":true,"tenant_id":true}]},"before_sensitive":false,"after_sensitive":{"identity":[{}]}}},{"address":"azurerm_monitor_diagnostic_setting.example","mode":"managed","type":"azurerm_monitor_diagnostic_setting","name":"example","provider_name":"registry.terraform.io/hashicorp/azurerm","change":{"actions":["create"],"before":null,"after":{"eventhub_authorization_rule_id":null,"eventhub_name":null,"log":[{"category":"Audit","enabled":false,"retention_policy":[{"days":31,"enabled":true}]},{"category":"Requests","enabled":true,"retention_policy":[{"days":31,"enabled":false}]}],"log_analytics_destination_type":null,"log_analytics_workspace_id":null,"metric":[{"category":"AllMetrics","enabled":false,"retention_policy":[{"days":null,"enabled":false}]}],"name":"cr3682diag","storage_account_id":"azurerm_storage_account.example.id","target_resource_id":"azurerm_data_lake_store.datalake-store.id","timeouts":null},"after_unknown":{"id":true,"log":[{"retention_policy":[{}]},{"retention_policy":[{}]}],"metric":[{"retention_policy":[{}]}]},"before_sensitive":false,"after_sensitive":{"log":[{"retention_policy":[{}]},{"retention_policy":[{}]}],"metric":[{"retention_policy":[{}]}]}}},{"address":"azurerm_resource_group.example","mode":"managed","type":"azurerm_resource_group","name":"example","provider_name":"registry.terraform.io/hashicorp/azurerm","change":{"actions":["create"],"before":null,"after":{"location":"westeurope","name":"cr3682-rg","tags":null,"timeouts":null},"after_unknown":{"id":true},"before_sensitive":false,"after_sensitive":{}}},{"address":"azurerm_storage_account.example","mode":"managed","type":"azurerm_storage_account","name":"example","provider_name":"registry.terraform.io/hashicorp/azurerm","change":{"actions":["create"],"before":null,"after":{"account_kind":"StorageV2","account_replication_type":"LRS","account_tier":"Standard","allow_blob_public_access":false,"azure_files_authentication":[],"custom_domain":[],"enable_https_traffic_only":true,"is_hns_enabled":false,"location":"westeurope","min_tls_version":"TLS1_0","name":"cr3682dlstacc","nfsv3_enabled":false,"queue_encryption_key_type":"Service","resource_group_name":"cr3682-rg","shared_access_key_enabled":true,"static_website":[],"table_encryption_key_type":"Service","tags":null,"timeouts":null},"after_unknown":{"access_tier":true,"azure_files_authentication":[],"blob_properties":true,"custom_domain":[],"id":true,"identity":true,"large_file_share_enabled":true,"network_rules":true,"primary_access_key":true,"primary_blob_connection_string":true,"primary_blob_endpoint":true,"primary_blob_host":true,"primary_connection_string":true,"primary_dfs_endpoint":true,"primary_dfs_host":true,"primary_file_endpoint":true,"primary_file_host":true,"primary_location":true,"primary_queue_endpoint":true,"primary_queue_host":true,"primary_table_endpoint":true,"primary_table_host":true,"primary_web_endpoint":true,"primary_web_host":true,"queue_properties":true,"routing":true,"secondary_access_key":true,"secondary_blob_connection_string":true,"secondary_blob_endpoint":true,"secondary_blob_host":true,"secondary_connection_string":true,"secondary_dfs_endpoint":true,"secondary_dfs_host":true,"secondary_file_endpoint":true,"secondary_file_host":true,"secondary_location":true,"secondary_queue_endpoint":true,"secondary_queue_host":true,"secondary_table_endpoint":true,"secondary_table_host":true,"secondary_web_endpoint":true,"secondary_web_host":true,"share_properties":true,"static_website":[]},"before_sensitive":false,"after_sensitive":{"azure_files_authentication":[],"blob_properties":[],"custom_domain":[],"identity":[],"network_rules":[],"primary_access_key":true,"primary_blob_connection_string":true,"primary_connection_string":true,"queue_properties":[],"routing":[],"secondary_access_key":true,"secondary_blob_connection_string":true,"secondary_connection_string":true,"share_properties":[],"static_website":[]}}}],"configuration":{"root_module":{"resources":[{"address":"azurerm_data_lake_store.datalake-store","mode":"managed","type":"azurerm_data_lake_store","name":"datalake-store","provider_config_key":"azurerm","expressions":{"encryption_state":{"constant_value":"Disabled"},"firewall_allow_azure_ips":{"constant_value":"Disabled"},"firewall_state":{"constant_value":"Disabled"},"identity":[{"type":{"constant_value":"SystemAssigned"}}],"location":{"references":["azurerm_resource_group.example"]},"name":{"references":["local.test_name"]},"resource_group_name":{"references":["azurerm_resource_group.example"]},"tier":{"constant_value":"Commitment_1TB"}},"schema_version":0,"raw_data":{"FileName":"main.tf","StartLine":18,"EndLine":31}},{"address":"azurerm_monitor_diagnostic_setting.example","mode":"managed","type":"azurerm_monitor_diagnostic_setting","name":"example","provider_config_key":"azurerm","expressions":{"log":[{"category":{"constant_value":"Audit"},"enabled":{"constant_value":false},"retention_policy":[{"days":{"constant_value":31},"enabled":{"constant_value":true}}]},{"category":{"constant_value":"Requests"},"enabled":{"constant_value":true},"retention_policy":[{"days":{"constant_value":31},"enabled":{"constant_value":false}}]}],"metric":[{"category":{"constant_value":"AllMetrics"},"enabled":{"constant_value":false},"retention_policy":[{"enabled":{"constant_value":false}}]}],"name":{"references":["local.test_name"]},"storage_account_id":{"references":["azurerm_storage_account.example"]},"target_resource_id":{"references":["azurerm_data_lake_store.datalake-store"]}},"schema_version":0,"raw_data":{"FileName":"main.tf","StartLine":33,"EndLine":66}},{"address":"azurerm_resource_group.example","mode":"managed","type":"azurerm_resource_group","name":"example","provider_config_key":"azurerm","expressions":{"location":{"constant_value":"West Europe"},"name":{"references":["local.test_name"]}},"schema_version":0,"raw_data":{"FileName":"main.tf","StartLine":5,"EndLine":8}},{"address":"azurerm_storage_account.example","mode":"managed","type":"azurerm_storage_account","name":"example","provider_config_key":"azurerm","expressions":{"account_replication_type":{"constant_value":"LRS"},"account_tier":{"constant_value":"Standard"},"location":{"references":["azurerm_resource_group.example"]},"name":{"references":["local.test_name"]},"resource_group_name":{"references":["azurerm_resource_group.example"]}},"schema_version":2,"raw_data":{"FileName":"main.tf","StartLine":10,"EndLine":16}}]}}}
