{"format_version":"0.1","terraform_version":"0.12.29","planned_values":{"root_module":{"resources":[{"address":"aws_s3_bucket.private-bucket","mode":"managed","type":"aws_s3_bucket","name":"private-bucket","provider_name":"aws","schema_version":0,"values":{"acl":"private","bucket":"private-bucket","bucket_prefix":null,"cors_rule":[],"force_destroy":false,"grant":[],"lifecycle_rule":[],"logging":[],"object_lock_configuration":[],"policy":"      {\n        \"Version\": \"2012-10-17\",\n        \"Id\": \"BUCKET_POLICY\",\n        \"Statement\": [\n          {\n            \"Sid\": \"VpceAllow\",\n            \"Effect\": \"Allow\",\n            \"Principal\": { \"AWS\": \"arn:aws:iam::111111111111:role/some-role\" },\n            \"Action\": \"s3:*\",\n            \"Resource\": \"arn:aws:s3:::private-bucket/*\",\n            \"Condition\": {\n               \"StringEquals\": {\"aws:SourceVpce\": \"vpce-some-id\"}\n            }\n          }\n        ]\n      }\n","replication_configuration":[],"server_side_encryption_configuration":[],"tags":{"Name":"private-bucket"},"website":[]}},{"address":"aws_s3_bucket_public_access_block.block_public_bucket_3","mode":"managed","type":"aws_s3_bucket_public_access_block","name":"block_public_bucket_3","provider_name":"aws","schema_version":0,"values":{"block_public_acls":true,"block_public_policy":true,"bucket":"aws_s3_bucket.private-bucket.id","ignore_public_acls":true,"restrict_public_buckets":true}},{"address":"aws_subnet.private-subnet","mode":"managed","type":"aws_subnet","name":"private-subnet","provider_name":"aws","schema_version":1,"values":{"assign_ipv6_address_on_creation":false,"cidr_block":"192.168.100.128/25","ipv6_cidr_block":null,"map_public_ip_on_launch":false,"outpost_arn":null,"tags":{"Name":"private-subnet"},"timeouts":null,"vpc_id":"aws_vpc.main.id"}},{"address":"aws_vpc.main","mode":"managed","type":"aws_vpc","name":"main","provider_name":"aws","schema_version":1,"values":{"assign_generated_ipv6_cidr_block":false,"cidr_block":"192.168.100.0/24","enable_dns_support":true,"instance_tenancy":"default","tags":null}}]}},"resource_changes":[{"address":"aws_s3_bucket.private-bucket","mode":"managed","type":"aws_s3_bucket","name":"private-bucket","provider_name":"aws","change":{"actions":["create"],"before":null,"after":{"acl":"private","bucket":"private-bucket","bucket_prefix":null,"cors_rule":[],"force_destroy":false,"grant":[],"lifecycle_rule":[],"logging":[],"object_lock_configuration":[],"policy":"      {\n        \"Version\": \"2012-10-17\",\n        \"Id\": \"BUCKET_POLICY\",\n        \"Statement\": [\n          {\n            \"Sid\": \"VpceAllow\",\n            \"Effect\": \"Allow\",\n            \"Principal\": { \"AWS\": \"arn:aws:iam::account-id:role/some-role\" },\n            \"Action\": \"s3:*\",\n            \"Resource\": \"arn:aws:s3:::private-bucket/*\",\n            \"Condition\": {\n               \"StringEquals\": {\"aws:SourceVpce\": \"vpce-some-id\"}\n            }\n          }\n        ]\n      }\n","replication_configuration":[],"server_side_encryption_configuration":[],"tags":{"Name":"private-bucket"},"website":[]},"after_unknown":{"acceleration_status":true,"arn":true,"bucket_domain_name":true,"bucket_regional_domain_name":true,"cors_rule":[],"grant":[],"hosted_zone_id":true,"id":true,"lifecycle_rule":[],"logging":[],"object_lock_configuration":[],"region":true,"replication_configuration":[],"request_payer":true,"server_side_encryption_configuration":[],"tags":{},"versioning":true,"website":[],"website_domain":true,"website_endpoint":true}}},{"address":"aws_s3_bucket_public_access_block.block_public_bucket_3","mode":"managed","type":"aws_s3_bucket_public_access_block","name":"block_public_bucket_3","provider_name":"aws","change":{"actions":["create"],"before":null,"after":{"block_public_acls":true,"block_public_policy":true,"bucket":"aws_s3_bucket.private-bucket.id","ignore_public_acls":true,"restrict_public_buckets":true},"after_unknown":{"id":true}}},{"address":"aws_subnet.private-subnet","mode":"managed","type":"aws_subnet","name":"private-subnet","provider_name":"aws","change":{"actions":["create"],"before":null,"after":{"assign_ipv6_address_on_creation":false,"cidr_block":"192.168.100.128/25","ipv6_cidr_block":null,"map_public_ip_on_launch":false,"outpost_arn":null,"tags":{"Name":"private-subnet"},"timeouts":null,"vpc_id":"aws_vpc.main.id"},"after_unknown":{"arn":true,"availability_zone":true,"availability_zone_id":true,"id":true,"ipv6_cidr_block_association_id":true,"owner_id":true,"tags":{}}}},{"address":"aws_vpc.main","mode":"managed","type":"aws_vpc","name":"main","provider_name":"aws","change":{"actions":["create"],"before":null,"after":{"assign_generated_ipv6_cidr_block":false,"cidr_block":"192.168.100.0/24","enable_dns_support":true,"instance_tenancy":"default","tags":null},"after_unknown":{"arn":true,"default_network_acl_id":true,"default_route_table_id":true,"default_security_group_id":true,"dhcp_options_id":true,"enable_classiclink":true,"enable_classiclink_dns_support":true,"enable_dns_hostnames":true,"id":true,"ipv6_association_id":true,"ipv6_cidr_block":true,"main_route_table_id":true,"owner_id":true}}}],"configuration":{"provider_config":{"aws":{"name":"aws","expressions":{"region":{"constant_value":"us-east-1"}}}},"root_module":{"resources":[{"address":"aws_s3_bucket.private-bucket","mode":"managed","type":"aws_s3_bucket","name":"private-bucket","provider_config_key":"aws","expressions":{"bucket":{"constant_value":"private-bucket"},"policy":{"constant_value":"      {\n        \"Version\": \"2012-10-17\",\n        \"Id\": \"BUCKET_POLICY\",\n        \"Statement\": [\n          {\n            \"Sid\": \"VpceAllow\",\n            \"Effect\": \"Allow\",\n            \"Principal\": { \"AWS\": \"arn:aws:iam::account-id:role/some-role\" },\n            \"Action\": \"s3:*\",\n            \"Resource\": \"arn:aws:s3:::private-bucket/*\",\n            \"Condition\": {\n               \"StringEquals\": {\"aws:SourceVpce\": \"vpce-some-id\"}\n            }\n          }\n        ]\n      }\n"},"tags":{"constant_value":{"Name":"private-bucket"}}},"schema_version":0,"raw_data":{"FileName":"main.tf","StartLine":19,"EndLine":43}},{"address":"aws_s3_bucket_public_access_block.block_public_bucket_3","mode":"managed","type":"aws_s3_bucket_public_access_block","name":"block_public_bucket_3","provider_config_key":"aws","expressions":{"block_public_acls":{"constant_value":true},"block_public_policy":{"constant_value":true},"bucket":{"references":["aws_s3_bucket.private-bucket"]},"ignore_public_acls":{"constant_value":true},"restrict_public_buckets":{"constant_value":true}},"schema_version":0,"raw_data":{"FileName":"main.tf","StartLine":45,"EndLine":51}},{"address":"aws_subnet.private-subnet","mode":"managed","type":"aws_subnet","name":"private-subnet","provider_config_key":"aws","expressions":{"cidr_block":{"constant_value":"192.168.100.128/25"},"tags":{"constant_value":{"Name":"private-subnet"}},"vpc_id":{"references":["aws_vpc.main"]}},"schema_version":1,"raw_data":{"FileName":"main.tf","StartLine":10,"EndLine":17}},{"address":"aws_vpc.main","mode":"managed","type":"aws_vpc","name":"main","provider_config_key":"aws","expressions":{"cidr_block":{"constant_value":"192.168.100.0/24"},"enable_dns_support":{"constant_value":true}},"schema_version":1,"raw_data":{"FileName":"main.tf","StartLine":5,"EndLine":8}}]}}}
