{"format_version":"0.1","terraform_version":"0.13.4","planned_values":{"root_module":{"resources":[{"address":"aws_default_route_table.ido_default_route_table","mode":"managed","type":"aws_default_route_table","name":"ido_default_route_table","provider_name":"registry.terraform.io/hashicorp/aws","schema_version":0,"values":{"default_route_table_id":"aws_vpc.external.default_route_table_id","propagating_vgws":null,"route":[{"cidr_block":null,"destination_prefix_list_id":null,"egress_only_gateway_id":"aws_egress_only_internet_gateway.igw.id","gateway_id":null,"instance_id":null,"ipv6_cidr_block":"::/0","nat_gateway_id":null,"network_interface_id":null,"transit_gateway_id":null,"vpc_endpoint_id":null,"vpc_peering_connection_id":null}],"tags":{"Name":"default table"},"tags_all":{"Name":"default table"}}},{"address":"aws_egress_only_internet_gateway.igw","mode":"managed","type":"aws_egress_only_internet_gateway","name":"igw","provider_name":"registry.terraform.io/hashicorp/aws","schema_version":0,"values":{"tags":{"Name":"Igw Cloudrail Test"},"tags_all":{"Name":"Igw Cloudrail Test"},"vpc_id":"aws_vpc.external.id"}},{"address":"aws_vpc.external","mode":"managed","type":"aws_vpc","name":"external","provider_name":"registry.terraform.io/hashicorp/aws","schema_version":1,"values":{"assign_generated_ipv6_cidr_block":false,"cidr_block":"172.27.0.0/16","enable_dns_hostnames":true,"enable_dns_support":true,"instance_tenancy":"default","tags":{"Name":"igw-vpc"},"tags_all":{"Name":"igw-vpc"}}}]}},"resource_changes":[{"address":"aws_default_route_table.ido_default_route_table","mode":"managed","type":"aws_default_route_table","name":"ido_default_route_table","provider_name":"registry.terraform.io/hashicorp/aws","change":{"actions":["create"],"before":null,"after":{"default_route_table_id":"aws_vpc.external.default_route_table_id","propagating_vgws":null,"route":[{"cidr_block":null,"destination_prefix_list_id":null,"egress_only_gateway_id":"aws_egress_only_internet_gateway.igw.id","gateway_id":null,"instance_id":null,"ipv6_cidr_block":"::/0","nat_gateway_id":null,"network_interface_id":null,"transit_gateway_id":null,"vpc_endpoint_id":null,"vpc_peering_connection_id":null}],"tags":{"Name":"default table"},"tags_all":{"Name":"default table"}},"after_unknown":{"arn":true,"id":true,"owner_id":true,"route":[{}],"tags":{},"tags_all":{},"vpc_id":true}}},{"address":"aws_egress_only_internet_gateway.igw","mode":"managed","type":"aws_egress_only_internet_gateway","name":"igw","provider_name":"registry.terraform.io/hashicorp/aws","change":{"actions":["create"],"before":null,"after":{"tags":{"Name":"Igw Cloudrail Test"},"tags_all":{"Name":"Igw Cloudrail Test"},"vpc_id":"aws_vpc.external.id"},"after_unknown":{"id":true,"tags":{},"tags_all":{}}}},{"address":"aws_vpc.external","mode":"managed","type":"aws_vpc","name":"external","provider_name":"registry.terraform.io/hashicorp/aws","change":{"actions":["create"],"before":null,"after":{"assign_generated_ipv6_cidr_block":false,"cidr_block":"172.27.0.0/16","enable_dns_hostnames":true,"enable_dns_support":true,"instance_tenancy":"default","tags":{"Name":"igw-vpc"},"tags_all":{"Name":"igw-vpc"}},"after_unknown":{"arn":true,"default_network_acl_id":true,"default_route_table_id":true,"default_security_group_id":true,"dhcp_options_id":true,"enable_classiclink":true,"enable_classiclink_dns_support":true,"id":true,"ipv6_association_id":true,"ipv6_cidr_block":true,"main_route_table_id":true,"owner_id":true,"tags":{},"tags_all":{}}}}],"configuration":{"provider_config":{"aws":{"name":"aws","expressions":{"region":{"constant_value":"us-east-1"}}}},"root_module":{"resources":[{"address":"aws_default_route_table.ido_default_route_table","mode":"managed","type":"aws_default_route_table","name":"ido_default_route_table","provider_config_key":"aws","expressions":{"default_route_table_id":{"references":["aws_vpc.external"]},"tags":{"constant_value":{"Name":"default table"}}},"schema_version":0,"raw_data":{"FileName":"main.tf","StartLine":18,"EndLine":28}},{"address":"aws_egress_only_internet_gateway.igw","mode":"managed","type":"aws_egress_only_internet_gateway","name":"igw","provider_config_key":"aws","expressions":{"tags":{"constant_value":{"Name":"Igw Cloudrail Test"}},"vpc_id":{"references":["aws_vpc.external"]}},"schema_version":0,"raw_data":{"FileName":"main.tf","StartLine":11,"EndLine":16}},{"address":"aws_vpc.external","mode":"managed","type":"aws_vpc","name":"external","provider_config_key":"aws","expressions":{"cidr_block":{"constant_value":"172.27.0.0/16"},"enable_dns_hostnames":{"constant_value":"true"},"enable_dns_support":{"constant_value":"true"},"tags":{"constant_value":{"Name":"igw-vpc"}}},"schema_version":1,"raw_data":{"FileName":"main.tf","StartLine":2,"EndLine":9}}]}}}
