{"format_version":"0.1","terraform_version":"0.13.4","planned_values":{"root_module":{"resources":[{"address":"aws_sqs_queue.cloudrail","mode":"managed","type":"aws_sqs_queue","name":"cloudrail","provider_name":"registry.terraform.io/hashicorp/aws","schema_version":0,"values":{"content_based_deduplication":false,"delay_seconds":90,"fifo_queue":false,"kms_master_key_id":"alias/aws/sqs","max_message_size":2048,"message_retention_seconds":86400,"name":"sqs_encrypted","receive_wait_time_seconds":10,"redrive_policy":null,"tags":{"Environment":"production"},"tags_all":{"Environment":"production"},"visibility_timeout_seconds":30}},{"address":"aws_sqs_queue.cloudrail_2","mode":"managed","type":"aws_sqs_queue","name":"cloudrail_2","provider_name":"registry.terraform.io/hashicorp/aws","schema_version":0,"values":{"content_based_deduplication":false,"delay_seconds":90,"fifo_queue":false,"kms_master_key_id":"alias/aws/sqs","max_message_size":2048,"message_retention_seconds":86400,"name":"sqs_encrypted_2","receive_wait_time_seconds":10,"redrive_policy":null,"tags":{"Environment":"production"},"tags_all":{"Environment":"production"},"visibility_timeout_seconds":30}}]}},"resource_changes":[{"address":"aws_sqs_queue.cloudrail","mode":"managed","type":"aws_sqs_queue","name":"cloudrail","provider_name":"registry.terraform.io/hashicorp/aws","change":{"actions":["create"],"before":null,"after":{"content_based_deduplication":false,"delay_seconds":90,"fifo_queue":false,"kms_master_key_id":"alias/aws/sqs","max_message_size":2048,"message_retention_seconds":86400,"name":"sqs_encrypted","receive_wait_time_seconds":10,"redrive_policy":null,"tags":{"Environment":"production"},"tags_all":{"Environment":"production"},"visibility_timeout_seconds":30},"after_unknown":{"arn":true,"deduplication_scope":true,"fifo_throughput_limit":true,"id":true,"kms_data_key_reuse_period_seconds":true,"name_prefix":true,"policy":true,"tags":{},"tags_all":{},"url":true}}},{"address":"aws_sqs_queue.cloudrail_2","mode":"managed","type":"aws_sqs_queue","name":"cloudrail_2","provider_name":"registry.terraform.io/hashicorp/aws","change":{"actions":["create"],"before":null,"after":{"content_based_deduplication":false,"delay_seconds":90,"fifo_queue":false,"kms_master_key_id":"alias/aws/sqs","max_message_size":2048,"message_retention_seconds":86400,"name":"sqs_encrypted_2","receive_wait_time_seconds":10,"redrive_policy":null,"tags":{"Environment":"production"},"tags_all":{"Environment":"production"},"visibility_timeout_seconds":30},"after_unknown":{"arn":true,"deduplication_scope":true,"fifo_throughput_limit":true,"id":true,"kms_data_key_reuse_period_seconds":true,"name_prefix":true,"policy":true,"tags":{},"tags_all":{},"url":true}}}],"configuration":{"provider_config":{"aws":{"name":"aws","expressions":{"region":{"constant_value":"us-east-1"}}}},"root_module":{"resources":[{"address":"aws_sqs_queue.cloudrail","mode":"managed","type":"aws_sqs_queue","name":"cloudrail","provider_config_key":"aws","expressions":{"delay_seconds":{"constant_value":90},"kms_master_key_id":{"constant_value":"alias/aws/sqs"},"max_message_size":{"constant_value":2048},"message_retention_seconds":{"constant_value":86400},"name":{"constant_value":"sqs_encrypted"},"receive_wait_time_seconds":{"constant_value":10},"tags":{"constant_value":{"Environment":"production"}}},"schema_version":0,"raw_data":{"FileName":"main.tf","StartLine":1,"EndLine":12}},{"address":"aws_sqs_queue.cloudrail_2","mode":"managed","type":"aws_sqs_queue","name":"cloudrail_2","provider_config_key":"aws","expressions":{"delay_seconds":{"constant_value":90},"kms_master_key_id":{"constant_value":"alias/aws/sqs"},"max_message_size":{"constant_value":2048},"message_retention_seconds":{"constant_value":86400},"name":{"constant_value":"sqs_encrypted_2"},"receive_wait_time_seconds":{"constant_value":10},"tags":{"constant_value":{"Environment":"production"}}},"schema_version":0,"raw_data":{"FileName":"main.tf","StartLine":15,"EndLine":26}}]}}}
