{"format_version":"0.1","terraform_version":"0.12.29","planned_values":{"root_module":{"child_modules":[{"resources":[{"address":"module.test_module.aws_kms_key.test","mode":"managed","type":"aws_kms_key","name":"test","provider_name":"aws","schema_version":0,"values":{"customer_master_key_spec":"SYMMETRIC_DEFAULT","deletion_window_in_days":7,"description":"KMS key for XRay - creating","enable_key_rotation":false,"is_enabled":true,"key_usage":"ENCRYPT_DECRYPT","tags":null}},{"address":"module.test_module.aws_xray_encryption_config.test","mode":"managed","type":"aws_xray_encryption_config","name":"test","provider_name":"aws","schema_version":0,"values":{"key_id":"module.test_module.aws_kms_key.test.arn","type":"KMS"}}],"address":"module.test_module"}]}},"resource_changes":[{"address":"module.test_module.aws_kms_key.test","module_address":"module.test_module","mode":"managed","type":"aws_kms_key","name":"test","provider_name":"aws","change":{"actions":["create"],"before":null,"after":{"customer_master_key_spec":"SYMMETRIC_DEFAULT","deletion_window_in_days":7,"description":"KMS key for XRay - creating","enable_key_rotation":false,"is_enabled":true,"key_usage":"ENCRYPT_DECRYPT","tags":null},"after_unknown":{"arn":true,"id":true,"key_id":true,"policy":true}}},{"address":"module.test_module.aws_xray_encryption_config.test","module_address":"module.test_module","mode":"managed","type":"aws_xray_encryption_config","name":"test","provider_name":"aws","change":{"actions":["create"],"before":null,"after":{"key_id":"module.test_module.aws_kms_key.test.arn","type":"KMS"},"after_unknown":{"id":true}}}],"configuration":{"provider_config":{"aws":{"name":"aws","version_constraint":"3.23.0","expressions":{"region":{"constant_value":"us-east-1"}}},"test_module:aws":{"name":"aws","module_address":"test_module","expressions":{"region":{"constant_value":"us-east-1"}}}},"root_module":{"module_calls":{"test_module":{"source":"./xray/kms_key_customer_creating","module":{"resources":[{"address":"aws_kms_key.test","mode":"managed","type":"aws_kms_key","name":"test","provider_config_key":"test_module:aws","expressions":{"deletion_window_in_days":{"constant_value":7},"description":{"constant_value":"KMS key for XRay - creating"}},"schema_version":0,"raw_data":{"FileName":"xray/kms_key_customer_creating/main.tf","StartLine":5,"EndLine":8}},{"address":"aws_xray_encryption_config.test","mode":"managed","type":"aws_xray_encryption_config","name":"test","provider_config_key":"test_module:aws","expressions":{"key_id":{"references":["aws_kms_key.test"]},"type":{"constant_value":"KMS"}},"schema_version":0,"raw_data":{"FileName":"xray/kms_key_customer_creating/main.tf","StartLine":10,"EndLine":13}}]},"raw_data":{"FileName":"main.tf","StartLine":7,"EndLine":9}}}}}}
