{"format_version":"0.1","terraform_version":"0.13.4","planned_values":{"root_module":{"resources":[{"address":"azurerm_mssql_server.sql","mode":"managed","type":"azurerm_mssql_server","name":"sql","provider_name":"registry.terraform.io/hashicorp/azurerm","schema_version":0,"values":{"administrator_login":"4dm1n157r470r","administrator_login_password":"4-v3ry-53cr37-p455w0rd","azuread_administrator":[],"connection_policy":"Default","identity":[],"location":"westeurope","minimum_tls_version":null,"name":"cr2509-sqlserver","public_network_access_enabled":true,"resource_group_name":"cr2509-RG","tags":null,"timeouts":null,"version":"12.0"}},{"address":"azurerm_resource_group.rg","mode":"managed","type":"azurerm_resource_group","name":"rg","provider_name":"registry.terraform.io/hashicorp/azurerm","schema_version":0,"values":{"location":"westeurope","name":"cr2509-RG","tags":null,"timeouts":null}}]}},"resource_changes":[{"address":"azurerm_mssql_server.sql","mode":"managed","type":"azurerm_mssql_server","name":"sql","provider_name":"registry.terraform.io/hashicorp/azurerm","change":{"actions":["create"],"before":null,"after":{"administrator_login":"4dm1n157r470r","administrator_login_password":"4-v3ry-53cr37-p455w0rd","azuread_administrator":[],"connection_policy":"Default","identity":[],"location":"westeurope","minimum_tls_version":null,"name":"cr2509-sqlserver","public_network_access_enabled":true,"resource_group_name":"cr2509-RG","tags":null,"timeouts":null,"version":"12.0"},"after_unknown":{"azuread_administrator":[],"extended_auditing_policy":true,"fully_qualified_domain_name":true,"id":true,"identity":[],"restorable_dropped_database_ids":true}}},{"address":"azurerm_resource_group.rg","mode":"managed","type":"azurerm_resource_group","name":"rg","provider_name":"registry.terraform.io/hashicorp/azurerm","change":{"actions":["create"],"before":null,"after":{"location":"westeurope","name":"cr2509-RG","tags":null,"timeouts":null},"after_unknown":{"id":true}}}],"prior_state":{"format_version":"0.1","terraform_version":"0.13.4","values":{"root_module":{"resources":[{"address":"data.azurerm_client_config.current","mode":"data","type":"azurerm_client_config","name":"current","provider_name":"registry.terraform.io/hashicorp/azurerm","schema_version":0,"values":{"client_id":"04b07795-8ddb-461a-bbee-02f9e1bf7b46","id":"2021-07-21 09:46:13.29966 +0000 UTC","object_id":"ddc8b952-aa8e-4ae1-aa42-0dfdf4f15db3","subscription_id":"230613d8-3b34-4790-b650-36f31045f19a","tenant_id":"568db8f3-e402-4c09-baa9-692e42029cc7","timeouts":null}}]}}},"configuration":{"provider_config":{"azurerm":{"name":"azurerm","expressions":{"features":[{}]}}},"root_module":{"resources":[{"address":"azurerm_mssql_server.sql","mode":"managed","type":"azurerm_mssql_server","name":"sql","provider_config_key":"azurerm","expressions":{"administrator_login":{"constant_value":"4dm1n157r470r"},"administrator_login_password":{"constant_value":"4-v3ry-53cr37-p455w0rd"},"location":{"references":["azurerm_resource_group.rg"]},"name":{"references":["local.resource_prefix"]},"resource_group_name":{"references":["azurerm_resource_group.rg"]},"version":{"constant_value":"12.0"}},"schema_version":0,"raw_data":{"FileName":"main.tf","StartLine":14,"EndLine":21}},{"address":"azurerm_resource_group.rg","mode":"managed","type":"azurerm_resource_group","name":"rg","provider_config_key":"azurerm","expressions":{"location":{"constant_value":"West Europe"},"name":{"references":["local.resource_prefix"]}},"schema_version":0,"raw_data":{"FileName":"main.tf","StartLine":9,"EndLine":12}},{"address":"data.azurerm_client_config.current","mode":"data","type":"azurerm_client_config","name":"current","provider_config_key":"azurerm","schema_version":0,"raw_data":{"FileName":"main.tf","StartLine":7,"EndLine":7}}]}}}
