{"format_version":"0.1","terraform_version":"0.14.6","planned_values":{"root_module":{"resources":[{"address":"azurerm_monitor_diagnostic_setting.example","mode":"managed","type":"azurerm_monitor_diagnostic_setting","name":"example","provider_name":"registry.terraform.io/hashicorp/azurerm","schema_version":0,"values":{"eventhub_authorization_rule_id":null,"eventhub_name":null,"log":[{"category":"AuditEvent","enabled":true,"retention_policy":[{"days":400,"enabled":true}]}],"log_analytics_destination_type":null,"log_analytics_workspace_id":null,"metric":[{"category":"AllMetrics","enabled":false,"retention_policy":[{"days":null,"enabled":false}]}],"name":"example","storage_account_id":"azurerm_storage_account.storacc.id","target_resource_id":"azurerm_stream_analytics_job.job.id","timeouts":null}},{"address":"azurerm_resource_group.rg","mode":"managed","type":"azurerm_resource_group","name":"rg","provider_name":"registry.terraform.io/hashicorp/azurerm","schema_version":0,"values":{"location":"westeurope","name":"cr2392-RG","tags":null,"timeouts":null}},{"address":"azurerm_storage_account.storacc","mode":"managed","type":"azurerm_storage_account","name":"storacc","provider_name":"registry.terraform.io/hashicorp/azurerm","schema_version":2,"values":{"account_kind":"StorageV2","account_replication_type":"LRS","account_tier":"Standard","allow_blob_public_access":false,"azure_files_authentication":[],"custom_domain":[],"enable_https_traffic_only":true,"is_hns_enabled":false,"location":"westeurope","min_tls_version":"TLS1_0","name":"cr2392storacc","nfsv3_enabled":false,"queue_encryption_key_type":"Service","resource_group_name":"cr2392-RG","shared_access_key_enabled":true,"static_website":[],"table_encryption_key_type":"Service","tags":null,"timeouts":null}},{"address":"azurerm_stream_analytics_job.job","mode":"managed","type":"azurerm_stream_analytics_job","name":"job","provider_name":"registry.terraform.io/hashicorp/azurerm","schema_version":0,"values":{"compatibility_level":"1.1","data_locale":"en-GB","events_late_arrival_max_delay_in_seconds":60,"events_out_of_order_max_delay_in_seconds":50,"events_out_of_order_policy":"Adjust","identity":[],"location":"westeurope","name":"cr2392-stream-job","output_error_policy":"Drop","resource_group_name":"cr2392-RG","stream_analytics_cluster_id":null,"streaming_units":3,"tags":null,"timeouts":null,"transformation_query":"    SELECT *\n    INTO [YourOutputAlias]\n    FROM [YourInputAlias]\n"}}]}},"resource_changes":[{"address":"azurerm_monitor_diagnostic_setting.example","mode":"managed","type":"azurerm_monitor_diagnostic_setting","name":"example","provider_name":"registry.terraform.io/hashicorp/azurerm","change":{"actions":["create"],"before":null,"after":{"eventhub_authorization_rule_id":null,"eventhub_name":null,"log":[{"category":"AuditEvent","enabled":true,"retention_policy":[{"days":400,"enabled":true}]}],"log_analytics_destination_type":null,"log_analytics_workspace_id":null,"metric":[{"category":"AllMetrics","enabled":false,"retention_policy":[{"days":null,"enabled":false}]}],"name":"example","storage_account_id":"azurerm_storage_account.storacc.id","target_resource_id":"azurerm_stream_analytics_job.job.id","timeouts":null},"after_unknown":{"id":true,"log":[{"retention_policy":[{}]}],"metric":[{"retention_policy":[{}]}]}}},{"address":"azurerm_resource_group.rg","mode":"managed","type":"azurerm_resource_group","name":"rg","provider_name":"registry.terraform.io/hashicorp/azurerm","change":{"actions":["create"],"before":null,"after":{"location":"westeurope","name":"cr2392-RG","tags":null,"timeouts":null},"after_unknown":{"id":true}}},{"address":"azurerm_storage_account.storacc","mode":"managed","type":"azurerm_storage_account","name":"storacc","provider_name":"registry.terraform.io/hashicorp/azurerm","change":{"actions":["create"],"before":null,"after":{"account_kind":"StorageV2","account_replication_type":"LRS","account_tier":"Standard","allow_blob_public_access":false,"azure_files_authentication":[],"custom_domain":[],"enable_https_traffic_only":true,"is_hns_enabled":false,"location":"westeurope","min_tls_version":"TLS1_0","name":"cr2392storacc","nfsv3_enabled":false,"queue_encryption_key_type":"Service","resource_group_name":"cr2392-RG","shared_access_key_enabled":true,"static_website":[],"table_encryption_key_type":"Service","tags":null,"timeouts":null},"after_unknown":{"access_tier":true,"azure_files_authentication":[],"blob_properties":true,"custom_domain":[],"id":true,"identity":true,"large_file_share_enabled":true,"network_rules":true,"primary_access_key":true,"primary_blob_connection_string":true,"primary_blob_endpoint":true,"primary_blob_host":true,"primary_connection_string":true,"primary_dfs_endpoint":true,"primary_dfs_host":true,"primary_file_endpoint":true,"primary_file_host":true,"primary_location":true,"primary_queue_endpoint":true,"primary_queue_host":true,"primary_table_endpoint":true,"primary_table_host":true,"primary_web_endpoint":true,"primary_web_host":true,"queue_properties":true,"routing":true,"secondary_access_key":true,"secondary_blob_connection_string":true,"secondary_blob_endpoint":true,"secondary_blob_host":true,"secondary_connection_string":true,"secondary_dfs_endpoint":true,"secondary_dfs_host":true,"secondary_file_endpoint":true,"secondary_file_host":true,"secondary_location":true,"secondary_queue_endpoint":true,"secondary_queue_host":true,"secondary_table_endpoint":true,"secondary_table_host":true,"secondary_web_endpoint":true,"secondary_web_host":true,"share_properties":true,"static_website":[]}}},{"address":"azurerm_stream_analytics_job.job","mode":"managed","type":"azurerm_stream_analytics_job","name":"job","provider_name":"registry.terraform.io/hashicorp/azurerm","change":{"actions":["create"],"before":null,"after":{"compatibility_level":"1.1","data_locale":"en-GB","events_late_arrival_max_delay_in_seconds":60,"events_out_of_order_max_delay_in_seconds":50,"events_out_of_order_policy":"Adjust","identity":[],"location":"westeurope","name":"cr2392-stream-job","output_error_policy":"Drop","resource_group_name":"cr2392-RG","stream_analytics_cluster_id":null,"streaming_units":3,"tags":null,"timeouts":null,"transformation_query":"    SELECT *\n    INTO [YourOutputAlias]\n    FROM [YourInputAlias]\n"},"after_unknown":{"id":true,"identity":[],"job_id":true}}}],"configuration":{"provider_config":{"azurerm":{"name":"azurerm","expressions":{"features":[{}]}}},"root_module":{"resources":[{"address":"azurerm_monitor_diagnostic_setting.example","mode":"managed","type":"azurerm_monitor_diagnostic_setting","name":"example","provider_config_key":"azurerm","expressions":{"log":[{"category":{"constant_value":"AuditEvent"},"enabled":{"constant_value":true},"retention_policy":[{"days":{"constant_value":400},"enabled":{"constant_value":true}}]}],"metric":[{"category":{"constant_value":"AllMetrics"},"enabled":{"constant_value":false},"retention_policy":[{"enabled":{"constant_value":false}}]}],"name":{"constant_value":"example"},"storage_account_id":{"references":["azurerm_storage_account.storacc"]},"target_resource_id":{"references":["azurerm_stream_analytics_job.job"]}},"schema_version":0,"raw_data":{"FileName":"main.tf","StartLine":43,"EndLine":63}},{"address":"azurerm_resource_group.rg","mode":"managed","type":"azurerm_resource_group","name":"rg","provider_config_key":"azurerm","expressions":{"location":{"constant_value":"West Europe"},"name":{"references":["local.resource_prefix"]}},"schema_version":0,"raw_data":{"FileName":"main.tf","StartLine":10,"EndLine":13}},{"address":"azurerm_storage_account.storacc","mode":"managed","type":"azurerm_storage_account","name":"storacc","provider_config_key":"azurerm","expressions":{"account_replication_type":{"constant_value":"LRS"},"account_tier":{"constant_value":"Standard"},"location":{"references":["azurerm_resource_group.rg"]},"name":{"references":["local.resource_prefix"]},"resource_group_name":{"references":["azurerm_resource_group.rg"]}},"schema_version":2,"raw_data":{"FileName":"main.tf","StartLine":15,"EndLine":21}},{"address":"azurerm_stream_analytics_job.job","mode":"managed","type":"azurerm_stream_analytics_job","name":"job","provider_config_key":"azurerm","expressions":{"compatibility_level":{"constant_value":"1.1"},"data_locale":{"constant_value":"en-GB"},"events_late_arrival_max_delay_in_seconds":{"constant_value":60},"events_out_of_order_max_delay_in_seconds":{"constant_value":50},"events_out_of_order_policy":{"constant_value":"Adjust"},"location":{"references":["azurerm_resource_group.rg"]},"name":{"references":["local.resource_prefix"]},"output_error_policy":{"constant_value":"Drop"},"resource_group_name":{"references":["azurerm_resource_group.rg"]},"streaming_units":{"constant_value":3},"transformation_query":{"constant_value":"    SELECT *\n    INTO [YourOutputAlias]\n    FROM [YourInputAlias]\n"}},"schema_version":0,"raw_data":{"FileName":"main.tf","StartLine":23,"EndLine":41}}]}}}
