{"format_version":"0.1","terraform_version":"0.13.4","planned_values":{"root_module":{"resources":[{"address":"azurerm_app_service_plan.svcplanconsumption","mode":"managed","type":"azurerm_app_service_plan","name":"svcplanconsumption","provider_name":"registry.terraform.io/hashicorp/azurerm","schema_version":0,"values":{"app_service_environment_id":null,"is_xenon":null,"kind":"FunctionApp","location":"westeurope","name":"my-func-app-service-plan","per_site_scaling":null,"reserved":null,"resource_group_name":"my-func-app-RG","sku":[{"size":"Y1","tier":"Dynamic"}],"tags":null,"timeouts":null}},{"address":"azurerm_function_app.functionapp","mode":"managed","type":"azurerm_function_app","name":"functionapp","provider_name":"registry.terraform.io/hashicorp/azurerm","schema_version":0,"values":{"app_service_plan_id":"azurerm_app_service_plan.svcplanconsumption.id","auth_settings":[{"active_directory":[],"additional_login_params":null,"allowed_external_redirect_urls":null,"default_provider":null,"enabled":true,"facebook":[],"google":[],"issuer":null,"microsoft":[],"runtime_version":null,"token_refresh_extension_hours":72,"token_store_enabled":false,"twitter":[],"unauthenticated_client_action":null}],"client_cert_mode":"Required","daily_memory_time_quota":null,"enable_builtin_logging":true,"enabled":true,"https_only":false,"location":"westeurope","name":"my-func-app","os_type":null,"resource_group_name":"my-func-app-RG","storage_account_access_key":"azurerm_storage_account.storacc.primary_access_key","storage_account_name":"myfuncappstorageaccount","tags":null,"timeouts":null,"version":"~1"}},{"address":"azurerm_resource_group.rg","mode":"managed","type":"azurerm_resource_group","name":"rg","provider_name":"registry.terraform.io/hashicorp/azurerm","schema_version":0,"values":{"location":"westeurope","name":"my-func-app-RG","tags":null,"timeouts":null}},{"address":"azurerm_storage_account.storacc","mode":"managed","type":"azurerm_storage_account","name":"storacc","provider_name":"registry.terraform.io/hashicorp/azurerm","schema_version":2,"values":{"account_kind":"StorageV2","account_replication_type":"LRS","account_tier":"Standard","allow_blob_public_access":false,"custom_domain":[],"enable_https_traffic_only":true,"is_hns_enabled":false,"location":"westeurope","min_tls_version":"TLS1_0","name":"myfuncappstorageaccount","resource_group_name":"my-func-app-RG","static_website":[],"tags":null,"timeouts":null}}]}},"resource_changes":[{"address":"azurerm_app_service_plan.svcplanconsumption","mode":"managed","type":"azurerm_app_service_plan","name":"svcplanconsumption","provider_name":"registry.terraform.io/hashicorp/azurerm","change":{"actions":["create"],"before":null,"after":{"app_service_environment_id":null,"is_xenon":null,"kind":"FunctionApp","location":"westeurope","name":"my-func-app-service-plan","per_site_scaling":null,"reserved":null,"resource_group_name":"my-func-app-RG","sku":[{"size":"Y1","tier":"Dynamic"}],"tags":null,"timeouts":null},"after_unknown":{"id":true,"maximum_elastic_worker_count":true,"maximum_number_of_workers":true,"sku":[{"capacity":true}]}}},{"address":"azurerm_function_app.functionapp","mode":"managed","type":"azurerm_function_app","name":"functionapp","provider_name":"registry.terraform.io/hashicorp/azurerm","change":{"actions":["create"],"before":null,"after":{"app_service_plan_id":"azurerm_app_service_plan.svcplanconsumption.id","auth_settings":[{"active_directory":[],"additional_login_params":null,"allowed_external_redirect_urls":null,"default_provider":null,"enabled":true,"facebook":[],"google":[],"issuer":null,"microsoft":[],"runtime_version":null,"token_refresh_extension_hours":72,"token_store_enabled":false,"twitter":[],"unauthenticated_client_action":null}],"client_cert_mode":"Required","daily_memory_time_quota":null,"enable_builtin_logging":true,"enabled":true,"https_only":false,"location":"westeurope","name":"my-func-app","os_type":null,"resource_group_name":"my-func-app-RG","storage_account_access_key":"azurerm_storage_account.storacc.primary_access_key","storage_account_name":"myfuncappstorageaccount","tags":null,"timeouts":null,"version":"~1"},"after_unknown":{"app_settings":true,"auth_settings":[{"active_directory":[],"facebook":[],"google":[],"microsoft":[],"twitter":[]}],"client_affinity_enabled":true,"connection_string":true,"custom_domain_verification_id":true,"default_hostname":true,"id":true,"identity":true,"kind":true,"outbound_ip_addresses":true,"possible_outbound_ip_addresses":true,"site_config":true,"site_credential":true,"source_control":true,"storage_connection_string":true}}},{"address":"azurerm_resource_group.rg","mode":"managed","type":"azurerm_resource_group","name":"rg","provider_name":"registry.terraform.io/hashicorp/azurerm","change":{"actions":["create"],"before":null,"after":{"location":"westeurope","name":"my-func-app-RG","tags":null,"timeouts":null},"after_unknown":{"id":true}}},{"address":"azurerm_storage_account.storacc","mode":"managed","type":"azurerm_storage_account","name":"storacc","provider_name":"registry.terraform.io/hashicorp/azurerm","change":{"actions":["create"],"before":null,"after":{"account_kind":"StorageV2","account_replication_type":"LRS","account_tier":"Standard","allow_blob_public_access":false,"custom_domain":[],"enable_https_traffic_only":true,"is_hns_enabled":false,"location":"westeurope","min_tls_version":"TLS1_0","name":"myfuncappstorageaccount","resource_group_name":"my-func-app-RG","static_website":[],"tags":null,"timeouts":null},"after_unknown":{"access_tier":true,"blob_properties":true,"custom_domain":[],"id":true,"identity":true,"large_file_share_enabled":true,"network_rules":true,"primary_access_key":true,"primary_blob_connection_string":true,"primary_blob_endpoint":true,"primary_blob_host":true,"primary_connection_string":true,"primary_dfs_endpoint":true,"primary_dfs_host":true,"primary_file_endpoint":true,"primary_file_host":true,"primary_location":true,"primary_queue_endpoint":true,"primary_queue_host":true,"primary_table_endpoint":true,"primary_table_host":true,"primary_web_endpoint":true,"primary_web_host":true,"queue_properties":true,"secondary_access_key":true,"secondary_blob_connection_string":true,"secondary_blob_endpoint":true,"secondary_blob_host":true,"secondary_connection_string":true,"secondary_dfs_endpoint":true,"secondary_dfs_host":true,"secondary_file_endpoint":true,"secondary_file_host":true,"secondary_location":true,"secondary_queue_endpoint":true,"secondary_queue_host":true,"secondary_table_endpoint":true,"secondary_table_host":true,"secondary_web_endpoint":true,"secondary_web_host":true,"static_website":[]}}}],"configuration":{"provider_config":{"azurerm":{"name":"azurerm","expressions":{"features":[{}]}}},"root_module":{"resources":[{"address":"azurerm_app_service_plan.svcplanconsumption","mode":"managed","type":"azurerm_app_service_plan","name":"svcplanconsumption","provider_config_key":"azurerm","expressions":{"kind":{"constant_value":"FunctionApp"},"location":{"references":["azurerm_resource_group.rg"]},"name":{"references":["local.resource_prefix"]},"resource_group_name":{"references":["azurerm_resource_group.rg"]},"sku":[{"size":{"constant_value":"Y1"},"tier":{"constant_value":"Dynamic"}}]},"schema_version":0,"raw_data":{"FileName":"main.tf","StartLine":31,"EndLine":41}},{"address":"azurerm_function_app.functionapp","mode":"managed","type":"azurerm_function_app","name":"functionapp","provider_config_key":"azurerm","expressions":{"app_service_plan_id":{"references":["azurerm_app_service_plan.svcplanconsumption"]},"auth_settings":[{"enabled":{"constant_value":true}}],"client_cert_mode":{"constant_value":"Required"},"location":{"references":["azurerm_resource_group.rg"]},"name":{"references":["local.resource_prefix"]},"resource_group_name":{"references":["azurerm_resource_group.rg"]},"storage_account_access_key":{"references":["azurerm_storage_account.storacc"]},"storage_account_name":{"references":["azurerm_storage_account.storacc"]}},"schema_version":0,"raw_data":{"FileName":"main.tf","StartLine":43,"EndLine":55}},{"address":"azurerm_resource_group.rg","mode":"managed","type":"azurerm_resource_group","name":"rg","provider_config_key":"azurerm","expressions":{"location":{"constant_value":"West Europe"},"name":{"references":["local.resource_prefix"]}},"schema_version":0,"raw_data":{"FileName":"main.tf","StartLine":18,"EndLine":21}},{"address":"azurerm_storage_account.storacc","mode":"managed","type":"azurerm_storage_account","name":"storacc","provider_config_key":"azurerm","expressions":{"account_replication_type":{"constant_value":"LRS"},"account_tier":{"constant_value":"Standard"},"location":{"references":["azurerm_resource_group.rg"]},"name":{"constant_value":"myfuncappstorageaccount"},"resource_group_name":{"references":["azurerm_resource_group.rg"]}},"schema_version":2,"raw_data":{"FileName":"main.tf","StartLine":23,"EndLine":29}}]}}}
