{"format_version":"0.1","terraform_version":"0.13.4","planned_values":{"root_module":{"resources":[{"address":"aws_glue_catalog_database.cloudrail_table_database","mode":"managed","type":"aws_glue_catalog_database","name":"cloudrail_table_database","provider_name":"registry.terraform.io/hashicorp/aws","schema_version":0,"values":{"description":null,"location_uri":null,"name":"cloudrail_table_database","parameters":null,"target_database":[]}},{"address":"aws_glue_catalog_table.cloudrail_table","mode":"managed","type":"aws_glue_catalog_table","name":"cloudrail_table","provider_name":"registry.terraform.io/hashicorp/aws","schema_version":0,"values":{"database_name":"cloudrail_table_database","description":null,"name":"cloudrail_table","owner":null,"parameters":null,"partition_index":[],"partition_keys":[],"retention":null,"storage_descriptor":[],"table_type":null,"target_table":[],"view_expanded_text":null,"view_original_text":null}},{"address":"aws_glue_crawler.cloudrail_table_crawler","mode":"managed","type":"aws_glue_crawler","name":"cloudrail_table_crawler","provider_name":"registry.terraform.io/hashicorp/aws","schema_version":0,"values":{"catalog_target":[],"classifiers":null,"configuration":null,"database_name":"cloudrail_table_database","description":null,"dynamodb_target":[],"jdbc_target":[],"lineage_configuration":[],"mongodb_target":[],"name":"cloudrail_table_crawler","recrawl_policy":[],"role":"aws_iam_role.cloudrail_glue_iam.arn","s3_target":[{"connection_name":null,"exclusions":null,"path":"s3://cloudrail-glue"}],"schedule":null,"schema_change_policy":[],"security_configuration":null,"table_prefix":null,"tags":{"Name":"Crawler Cloudrail test"},"tags_all":{"Name":"Crawler Cloudrail test"}}},{"address":"aws_iam_role.cloudrail_glue_iam","mode":"managed","type":"aws_iam_role","name":"cloudrail_glue_iam","provider_name":"registry.terraform.io/hashicorp/aws","schema_version":0,"values":{"assume_role_policy":"{\n  \"Version\": \"2012-10-17\",\n  \"Statement\": [\n    {\n      \"Effect\": \"Allow\",\n      \"Principal\": {\n        \"Service\": \"glue.amazonaws.com\"\n      },\n      \"Action\": \"sts:AssumeRole\"\n    }\n  ]\n}\n","description":null,"force_detach_policies":false,"inline_policy":[],"max_session_duration":3600,"name":"cloudrail_glue_iam","name_prefix":null,"path":"/","permissions_boundary":null,"tags":null}},{"address":"aws_s3_bucket.cloudrail","mode":"managed","type":"aws_s3_bucket","name":"cloudrail","provider_name":"registry.terraform.io/hashicorp/aws","schema_version":0,"values":{"acl":"private","bucket":"cloudrail-glue","bucket_prefix":null,"cors_rule":[],"force_destroy":false,"grant":[],"lifecycle_rule":[],"logging":[],"object_lock_configuration":[],"policy":null,"replication_configuration":[],"server_side_encryption_configuration":[],"tags":null,"versioning":[],"website":[]}}]}},"resource_changes":[{"address":"aws_glue_catalog_database.cloudrail_table_database","mode":"managed","type":"aws_glue_catalog_database","name":"cloudrail_table_database","provider_name":"registry.terraform.io/hashicorp/aws","change":{"actions":["create"],"before":null,"after":{"description":null,"location_uri":null,"name":"cloudrail_table_database","parameters":null,"target_database":[]},"after_unknown":{"arn":true,"catalog_id":true,"id":true,"target_database":[]}}},{"address":"aws_glue_catalog_table.cloudrail_table","mode":"managed","type":"aws_glue_catalog_table","name":"cloudrail_table","provider_name":"registry.terraform.io/hashicorp/aws","change":{"actions":["create"],"before":null,"after":{"database_name":"cloudrail_table_database","description":null,"name":"cloudrail_table","owner":null,"parameters":null,"partition_index":[],"partition_keys":[],"retention":null,"storage_descriptor":[],"table_type":null,"target_table":[],"view_expanded_text":null,"view_original_text":null},"after_unknown":{"arn":true,"catalog_id":true,"id":true,"partition_index":[],"partition_keys":[],"storage_descriptor":[],"target_table":[]}}},{"address":"aws_glue_crawler.cloudrail_table_crawler","mode":"managed","type":"aws_glue_crawler","name":"cloudrail_table_crawler","provider_name":"registry.terraform.io/hashicorp/aws","change":{"actions":["create"],"before":null,"after":{"catalog_target":[],"classifiers":null,"configuration":null,"database_name":"cloudrail_table_database","description":null,"dynamodb_target":[],"jdbc_target":[],"lineage_configuration":[],"mongodb_target":[],"name":"cloudrail_table_crawler","recrawl_policy":[],"role":"aws_iam_role.cloudrail_glue_iam.arn","s3_target":[{"connection_name":null,"exclusions":null,"path":"s3://cloudrail-glue"}],"schedule":null,"schema_change_policy":[],"security_configuration":null,"table_prefix":null,"tags":{"Name":"Crawler Cloudrail test"},"tags_all":{"Name":"Crawler Cloudrail test"}},"after_unknown":{"arn":true,"catalog_target":[],"dynamodb_target":[],"id":true,"jdbc_target":[],"lineage_configuration":[],"mongodb_target":[],"recrawl_policy":[],"s3_target":[{}],"schema_change_policy":[],"tags":{},"tags_all":{}}}},{"address":"aws_iam_role.cloudrail_glue_iam","mode":"managed","type":"aws_iam_role","name":"cloudrail_glue_iam","provider_name":"registry.terraform.io/hashicorp/aws","change":{"actions":["create"],"before":null,"after":{"assume_role_policy":"{\n  \"Version\": \"2012-10-17\",\n  \"Statement\": [\n    {\n      \"Effect\": \"Allow\",\n      \"Principal\": {\n        \"Service\": \"glue.amazonaws.com\"\n      },\n      \"Action\": \"sts:AssumeRole\"\n    }\n  ]\n}\n","description":null,"force_detach_policies":false,"inline_policy":[],"max_session_duration":3600,"name":"cloudrail_glue_iam","name_prefix":null,"path":"/","permissions_boundary":null,"tags":null},"after_unknown":{"arn":true,"create_date":true,"id":true,"inline_policy":[],"managed_policy_arns":true,"tags_all":true,"unique_id":true}}},{"address":"aws_s3_bucket.cloudrail","mode":"managed","type":"aws_s3_bucket","name":"cloudrail","provider_name":"registry.terraform.io/hashicorp/aws","change":{"actions":["create"],"before":null,"after":{"acl":"private","bucket":"cloudrail-glue","bucket_prefix":null,"cors_rule":[],"force_destroy":false,"grant":[],"lifecycle_rule":[],"logging":[],"object_lock_configuration":[],"policy":null,"replication_configuration":[],"server_side_encryption_configuration":[],"tags":null,"versioning":[],"website":[]},"after_unknown":{"acceleration_status":true,"arn":true,"bucket_domain_name":true,"bucket_regional_domain_name":true,"cors_rule":[],"grant":[],"hosted_zone_id":true,"id":true,"lifecycle_rule":[],"logging":[],"object_lock_configuration":[],"region":true,"replication_configuration":[],"request_payer":true,"server_side_encryption_configuration":[],"tags_all":true,"versioning":[],"website":[],"website_domain":true,"website_endpoint":true}}}],"configuration":{"provider_config":{"aws":{"name":"aws","expressions":{"region":{"constant_value":"us-east-1"}}}},"root_module":{"resources":[{"address":"aws_glue_catalog_database.cloudrail_table_database","mode":"managed","type":"aws_glue_catalog_database","name":"cloudrail_table_database","provider_config_key":"aws","expressions":{"name":{"constant_value":"cloudrail_table_database"}},"schema_version":0,"raw_data":{"FileName":"main.tf","StartLine":3,"EndLine":5}},{"address":"aws_glue_catalog_table.cloudrail_table","mode":"managed","type":"aws_glue_catalog_table","name":"cloudrail_table","provider_config_key":"aws","expressions":{"database_name":{"references":["aws_glue_catalog_database.cloudrail_table_database"]},"name":{"constant_value":"cloudrail_table"}},"schema_version":0,"raw_data":{"FileName":"main.tf","StartLine":7,"EndLine":10}},{"address":"aws_glue_crawler.cloudrail_table_crawler","mode":"managed","type":"aws_glue_crawler","name":"cloudrail_table_crawler","provider_config_key":"aws","expressions":{"database_name":{"references":["aws_glue_catalog_database.cloudrail_table_database"]},"name":{"constant_value":"cloudrail_table_crawler"},"role":{"references":["aws_iam_role.cloudrail_glue_iam"]},"s3_target":[{"path":{"references":["aws_s3_bucket.cloudrail"]}}],"tags":{"constant_value":{"Name":"Crawler Cloudrail test"}}},"schema_version":0,"raw_data":{"FileName":"main.tf","StartLine":36,"EndLine":47}},{"address":"aws_iam_role.cloudrail_glue_iam","mode":"managed","type":"aws_iam_role","name":"cloudrail_glue_iam","provider_config_key":"aws","expressions":{"assume_role_policy":{"constant_value":"{\n  \"Version\": \"2012-10-17\",\n  \"Statement\": [\n    {\n      \"Effect\": \"Allow\",\n      \"Principal\": {\n        \"Service\": \"glue.amazonaws.com\"\n      },\n      \"Action\": \"sts:AssumeRole\"\n    }\n  ]\n}\n"},"name":{"constant_value":"cloudrail_glue_iam"}},"schema_version":0,"raw_data":{"FileName":"main.tf","StartLine":12,"EndLine":29}},{"address":"aws_s3_bucket.cloudrail","mode":"managed","type":"aws_s3_bucket","name":"cloudrail","provider_config_key":"aws","expressions":{"acl":{"constant_value":"private"},"bucket":{"constant_value":"cloudrail-glue"}},"schema_version":0,"raw_data":{"FileName":"main.tf","StartLine":31,"EndLine":34}}]}}}
