{"format_version":"0.1","terraform_version":"0.13.4","planned_values":{"root_module":{"resources":[{"address":"aws_ecr_repository.test","mode":"managed","type":"aws_ecr_repository","name":"test","provider_name":"registry.terraform.io/hashicorp/aws","schema_version":0,"values":{"encryption_configuration":[],"image_scanning_configuration":[],"image_tag_mutability":"IMMUTABLE","name":"cloudrail-test-immutable","tags":null,"timeouts":null}}]}},"resource_changes":[{"address":"aws_ecr_repository.test","mode":"managed","type":"aws_ecr_repository","name":"test","provider_name":"registry.terraform.io/hashicorp/aws","change":{"actions":["create"],"before":null,"after":{"encryption_configuration":[],"image_scanning_configuration":[],"image_tag_mutability":"IMMUTABLE","name":"cloudrail-test-immutable","tags":null,"timeouts":null},"after_unknown":{"arn":true,"encryption_configuration":[],"id":true,"image_scanning_configuration":[],"registry_id":true,"repository_url":true,"tags_all":true}}}],"configuration":{"provider_config":{"aws":{"name":"aws","expressions":{"region":{"constant_value":"us-east-1"}}}},"root_module":{"resources":[{"address":"aws_ecr_repository.test","mode":"managed","type":"aws_ecr_repository","name":"test","provider_config_key":"aws","expressions":{"image_tag_mutability":{"constant_value":"IMMUTABLE"},"name":{"constant_value":"cloudrail-test-immutable"}},"schema_version":0,"raw_data":{"FileName":"main.tf","StartLine":1,"EndLine":4}}]}}}
