{"format_version":"0.1","terraform_version":"0.13.4","planned_values":{"root_module":{"resources":[{"address":"aws_config_configuration_aggregator.test","mode":"managed","type":"aws_config_configuration_aggregator","name":"test","provider_name":"registry.terraform.io/hashicorp/aws","schema_version":0,"values":{"account_aggregation_source":[],"name":"all_regions_disabled_organization","organization_aggregation_source":[{"all_regions":null,"regions":["us-east-1"],"role_arn":"aws_iam_role.organization.arn"}],"tags":null}},{"address":"aws_iam_role.organization","mode":"managed","type":"aws_iam_role","name":"organization","provider_name":"registry.terraform.io/hashicorp/aws","schema_version":0,"values":{"assume_role_policy":"{\n  \"Version\": \"2012-10-17\",\n  \"Statement\": [\n    {\n      \"Sid\": \"\",\n      \"Effect\": \"Allow\",\n      \"Principal\": {\n        \"Service\": \"config.amazonaws.com\"\n      },\n      \"Action\": \"sts:AssumeRole\"\n    }\n  ]\n}\n","description":null,"force_detach_policies":false,"inline_policy":[],"max_session_duration":3600,"name":"example","name_prefix":null,"path":"/","permissions_boundary":null,"tags":null}},{"address":"aws_iam_role_policy_attachment.organization","mode":"managed","type":"aws_iam_role_policy_attachment","name":"organization","provider_name":"registry.terraform.io/hashicorp/aws","schema_version":0,"values":{"policy_arn":"arn:aws:iam::aws:policy/service-role/AWSConfigRoleForOrganizations","role":"example"}}]}},"resource_changes":[{"address":"aws_config_configuration_aggregator.test","mode":"managed","type":"aws_config_configuration_aggregator","name":"test","provider_name":"registry.terraform.io/hashicorp/aws","change":{"actions":["create"],"before":null,"after":{"account_aggregation_source":[],"name":"all_regions_disabled_organization","organization_aggregation_source":[{"all_regions":null,"regions":["us-east-1"],"role_arn":"aws_iam_role.organization.arn"}],"tags":null},"after_unknown":{"account_aggregation_source":[],"arn":true,"id":true,"organization_aggregation_source":[{"regions":[false]}],"tags_all":true}}},{"address":"aws_iam_role.organization","mode":"managed","type":"aws_iam_role","name":"organization","provider_name":"registry.terraform.io/hashicorp/aws","change":{"actions":["create"],"before":null,"after":{"assume_role_policy":"{\n  \"Version\": \"2012-10-17\",\n  \"Statement\": [\n    {\n      \"Sid\": \"\",\n      \"Effect\": \"Allow\",\n      \"Principal\": {\n        \"Service\": \"config.amazonaws.com\"\n      },\n      \"Action\": \"sts:AssumeRole\"\n    }\n  ]\n}\n","description":null,"force_detach_policies":false,"inline_policy":[],"max_session_duration":3600,"name":"example","name_prefix":null,"path":"/","permissions_boundary":null,"tags":null},"after_unknown":{"arn":true,"create_date":true,"id":true,"inline_policy":[],"managed_policy_arns":true,"tags_all":true,"unique_id":true}}},{"address":"aws_iam_role_policy_attachment.organization","mode":"managed","type":"aws_iam_role_policy_attachment","name":"organization","provider_name":"registry.terraform.io/hashicorp/aws","change":{"actions":["create"],"before":null,"after":{"policy_arn":"arn:aws:iam::aws:policy/service-role/AWSConfigRoleForOrganizations","role":"example"},"after_unknown":{"id":true}}}],"prior_state":{"format_version":"0.1","terraform_version":"0.13.4","values":{"root_module":{"resources":[{"address":"data.aws_caller_identity.current","mode":"data","type":"aws_caller_identity","name":"current","provider_name":"registry.terraform.io/hashicorp/aws","schema_version":0,"values":{"account_id":"115553109071","arn":"arn:aws:sts::115553109071:assumed-role/AWSReservedSSO_admin_in_develop_fb314e4593b59bf2/imanuel.m@indeni.com","id":"115553109071","user_id":"AROARVZ4AQRHRH7ZLU5BZ:imanuel.m@indeni.com"}},{"address":"data.aws_region.current","mode":"data","type":"aws_region","name":"current","provider_name":"registry.terraform.io/hashicorp/aws","schema_version":0,"values":{"description":"US East (N. Virginia)","endpoint":"ec2.us-east-1.amazonaws.com","id":"us-east-1","name":"us-east-1"}}]}}},"configuration":{"provider_config":{"aws":{"name":"aws","expressions":{"region":{"constant_value":"us-east-1"}}}},"root_module":{"resources":[{"address":"aws_config_configuration_aggregator.test","mode":"managed","type":"aws_config_configuration_aggregator","name":"test","provider_config_key":"aws","expressions":{"name":{"constant_value":"all_regions_disabled_organization"},"organization_aggregation_source":[{"regions":{"references":["data.aws_region.current"]},"role_arn":{"references":["aws_iam_role.organization"]}}]},"schema_version":0,"raw_data":{"FileName":"main.tf","StartLine":6,"EndLine":13}},{"address":"aws_iam_role.organization","mode":"managed","type":"aws_iam_role","name":"organization","provider_config_key":"aws","expressions":{"assume_role_policy":{"constant_value":"{\n  \"Version\": \"2012-10-17\",\n  \"Statement\": [\n    {\n      \"Sid\": \"\",\n      \"Effect\": \"Allow\",\n      \"Principal\": {\n        \"Service\": \"config.amazonaws.com\"\n      },\n      \"Action\": \"sts:AssumeRole\"\n    }\n  ]\n}\n"},"name":{"constant_value":"example"}},"schema_version":0,"raw_data":{"FileName":"main.tf","StartLine":15,"EndLine":33}},{"address":"aws_iam_role_policy_attachment.organization","mode":"managed","type":"aws_iam_role_policy_attachment","name":"organization","provider_config_key":"aws","expressions":{"policy_arn":{"constant_value":"arn:aws:iam::aws:policy/service-role/AWSConfigRoleForOrganizations"},"role":{"references":["aws_iam_role.organization"]}},"schema_version":0,"raw_data":{"FileName":"main.tf","StartLine":35,"EndLine":38}},{"address":"data.aws_caller_identity.current","mode":"data","type":"aws_caller_identity","name":"current","provider_config_key":"aws","schema_version":0,"raw_data":{"FileName":"main.tf","StartLine":2,"EndLine":2}},{"address":"data.aws_region.current","mode":"data","type":"aws_region","name":"current","provider_config_key":"aws","schema_version":0,"raw_data":{"FileName":"main.tf","StartLine":4,"EndLine":4}}]}}}
