{"format_version":"0.1","terraform_version":"0.13.4","planned_values":{"root_module":{"resources":[{"address":"aws_dax_cluster.cloudrail-test","mode":"managed","type":"aws_dax_cluster","name":"cloudrail-test","provider_name":"registry.terraform.io/hashicorp/aws","schema_version":0,"values":{"availability_zones":null,"cluster_name":"non-encrypt","description":null,"iam_role_arn":"aws_iam_role.dax.arn","node_type":"dax.r4.large","notification_topic_arn":null,"replication_factor":1,"server_side_encryption":[],"tags":null,"timeouts":null}},{"address":"aws_iam_role.dax","mode":"managed","type":"aws_iam_role","name":"dax","provider_name":"registry.terraform.io/hashicorp/aws","schema_version":0,"values":{"assume_role_policy":"{\n  \"Version\": \"2012-10-17\",\n  \"Statement\": [\n    {\n      \"Effect\": \"Allow\",\n      \"Principal\": {\n        \"Service\": \"dax.amazonaws.com\"\n      },\n      \"Action\": \"sts:AssumeRole\"\n    }\n  ]\n}\n","description":null,"force_detach_policies":false,"inline_policy":[],"max_session_duration":3600,"name":"dynamodb-dax-cloudrail-test","name_prefix":null,"path":"/","permissions_boundary":null,"tags":null}}]}},"resource_changes":[{"address":"aws_dax_cluster.cloudrail-test","mode":"managed","type":"aws_dax_cluster","name":"cloudrail-test","provider_name":"registry.terraform.io/hashicorp/aws","change":{"actions":["create"],"before":null,"after":{"availability_zones":null,"cluster_name":"non-encrypt","description":null,"iam_role_arn":"aws_iam_role.dax.arn","node_type":"dax.r4.large","notification_topic_arn":null,"replication_factor":1,"server_side_encryption":[],"tags":null,"timeouts":null},"after_unknown":{"arn":true,"cluster_address":true,"configuration_endpoint":true,"id":true,"maintenance_window":true,"nodes":true,"parameter_group_name":true,"port":true,"security_group_ids":true,"server_side_encryption":[],"subnet_group_name":true,"tags_all":true}}},{"address":"aws_iam_role.dax","mode":"managed","type":"aws_iam_role","name":"dax","provider_name":"registry.terraform.io/hashicorp/aws","change":{"actions":["create"],"before":null,"after":{"assume_role_policy":"{\n  \"Version\": \"2012-10-17\",\n  \"Statement\": [\n    {\n      \"Effect\": \"Allow\",\n      \"Principal\": {\n        \"Service\": \"dax.amazonaws.com\"\n      },\n      \"Action\": \"sts:AssumeRole\"\n    }\n  ]\n}\n","description":null,"force_detach_policies":false,"inline_policy":[],"max_session_duration":3600,"name":"dynamodb-dax-cloudrail-test","name_prefix":null,"path":"/","permissions_boundary":null,"tags":null},"after_unknown":{"arn":true,"create_date":true,"id":true,"inline_policy":[],"managed_policy_arns":true,"tags_all":true,"unique_id":true}}}],"configuration":{"provider_config":{"aws":{"name":"aws","expressions":{"region":{"constant_value":"us-east-1"}}}},"root_module":{"resources":[{"address":"aws_dax_cluster.cloudrail-test","mode":"managed","type":"aws_dax_cluster","name":"cloudrail-test","provider_config_key":"aws","expressions":{"cluster_name":{"constant_value":"non-encrypt"},"iam_role_arn":{"references":["aws_iam_role.dax"]},"node_type":{"constant_value":"dax.r4.large"},"replication_factor":{"constant_value":1}},"schema_version":0,"raw_data":{"FileName":"main.tf","StartLine":22,"EndLine":27}},{"address":"aws_iam_role.dax","mode":"managed","type":"aws_iam_role","name":"dax","provider_config_key":"aws","expressions":{"assume_role_policy":{"constant_value":"{\n  \"Version\": \"2012-10-17\",\n  \"Statement\": [\n    {\n      \"Effect\": \"Allow\",\n      \"Principal\": {\n        \"Service\": \"dax.amazonaws.com\"\n      },\n      \"Action\": \"sts:AssumeRole\"\n    }\n  ]\n}\n"},"name":{"constant_value":"dynamodb-dax-cloudrail-test"}},"schema_version":0,"raw_data":{"FileName":"main.tf","StartLine":3,"EndLine":20}}]}}}
