{"format_version":"0.1","terraform_version":"0.13.4","planned_values":{"root_module":{"resources":[{"address":"aws_glacier_vault.not_secure_archive","mode":"managed","type":"aws_glacier_vault","name":"not_secure_archive","provider_name":"registry.terraform.io/hashicorp/aws","schema_version":0,"values":{"access_policy":"{\n    \"Version\":\"2012-10-17\",\n    \"Statement\":[\n       {\n          \"Sid\": \"add-read-only-perm\",\n          \"Principal\": \"*\",\n          \"Effect\": \"Allow\",\n          \"Action\": [\n             \"glacier:*\"\n          ],\n          \"Resource\": \"arn:aws:glacier:us-east-1:115553109071:vaults/not_secure_archive\"\n       }\n    ]\n}\n","name":"not_secure_archive","notification":[{"events":["ArchiveRetrievalCompleted","InventoryRetrievalCompleted"],"sns_topic":"aws_sns_topic.aws_sns_topic.arn"}],"tags":{"Name":"Glacier Cloudrail Test"},"tags_all":{"Name":"Glacier Cloudrail Test"}}},{"address":"aws_sns_topic.aws_sns_topic","mode":"managed","type":"aws_sns_topic","name":"aws_sns_topic","provider_name":"registry.terraform.io/hashicorp/aws","schema_version":0,"values":{"application_failure_feedback_role_arn":null,"application_success_feedback_role_arn":null,"application_success_feedback_sample_rate":null,"content_based_deduplication":false,"delivery_policy":null,"display_name":null,"fifo_topic":false,"firehose_failure_feedback_role_arn":null,"firehose_success_feedback_role_arn":null,"firehose_success_feedback_sample_rate":null,"http_failure_feedback_role_arn":null,"http_success_feedback_role_arn":null,"http_success_feedback_sample_rate":null,"kms_master_key_id":null,"lambda_failure_feedback_role_arn":null,"lambda_success_feedback_role_arn":null,"lambda_success_feedback_sample_rate":null,"name":"glacier-sns-topic","sqs_failure_feedback_role_arn":null,"sqs_success_feedback_role_arn":null,"sqs_success_feedback_sample_rate":null,"tags":null}}]}},"resource_changes":[{"address":"aws_glacier_vault.not_secure_archive","mode":"managed","type":"aws_glacier_vault","name":"not_secure_archive","provider_name":"registry.terraform.io/hashicorp/aws","change":{"actions":["create"],"before":null,"after":{"access_policy":"{\n    \"Version\":\"2012-10-17\",\n    \"Statement\":[\n       {\n          \"Sid\": \"add-read-only-perm\",\n          \"Principal\": \"*\",\n          \"Effect\": \"Allow\",\n          \"Action\": [\n             \"glacier:*\"\n          ],\n          \"Resource\": \"arn:aws:glacier:us-east-1:115553109071:vaults/not_secure_archive\"\n       }\n    ]\n}\n","name":"not_secure_archive","notification":[{"events":["ArchiveRetrievalCompleted","InventoryRetrievalCompleted"],"sns_topic":"aws_sns_topic.aws_sns_topic.arn"}],"tags":{"Name":"Glacier Cloudrail Test"},"tags_all":{"Name":"Glacier Cloudrail Test"}},"after_unknown":{"arn":true,"id":true,"location":true,"notification":[{"events":[false,false]}],"tags":{},"tags_all":{}}}},{"address":"aws_sns_topic.aws_sns_topic","mode":"managed","type":"aws_sns_topic","name":"aws_sns_topic","provider_name":"registry.terraform.io/hashicorp/aws","change":{"actions":["create"],"before":null,"after":{"application_failure_feedback_role_arn":null,"application_success_feedback_role_arn":null,"application_success_feedback_sample_rate":null,"content_based_deduplication":false,"delivery_policy":null,"display_name":null,"fifo_topic":false,"firehose_failure_feedback_role_arn":null,"firehose_success_feedback_role_arn":null,"firehose_success_feedback_sample_rate":null,"http_failure_feedback_role_arn":null,"http_success_feedback_role_arn":null,"http_success_feedback_sample_rate":null,"kms_master_key_id":null,"lambda_failure_feedback_role_arn":null,"lambda_success_feedback_role_arn":null,"lambda_success_feedback_sample_rate":null,"name":"glacier-sns-topic","sqs_failure_feedback_role_arn":null,"sqs_success_feedback_role_arn":null,"sqs_success_feedback_sample_rate":null,"tags":null},"after_unknown":{"arn":true,"id":true,"name_prefix":true,"owner":true,"policy":true,"tags_all":true}}}],"configuration":{"provider_config":{"aws":{"name":"aws","expressions":{"region":{"constant_value":"us-east-1"}}}},"root_module":{"resources":[{"address":"aws_glacier_vault.not_secure_archive","mode":"managed","type":"aws_glacier_vault","name":"not_secure_archive","provider_config_key":"aws","expressions":{"access_policy":{"constant_value":"{\n    \"Version\":\"2012-10-17\",\n    \"Statement\":[\n       {\n          \"Sid\": \"add-read-only-perm\",\n          \"Principal\": \"*\",\n          \"Effect\": \"Allow\",\n          \"Action\": [\n             \"glacier:*\"\n          ],\n          \"Resource\": \"arn:aws:glacier:us-east-1:115553109071:vaults/not_secure_archive\"\n       }\n    ]\n}\n"},"name":{"constant_value":"not_secure_archive"},"notification":[{"events":{"constant_value":["ArchiveRetrievalCompleted","InventoryRetrievalCompleted"]},"sns_topic":{"references":["aws_sns_topic.aws_sns_topic"]}}],"tags":{"constant_value":{"Name":"Glacier Cloudrail Test"}}},"schema_version":0,"raw_data":{"FileName":"main.tf","StartLine":7,"EndLine":34}},{"address":"aws_sns_topic.aws_sns_topic","mode":"managed","type":"aws_sns_topic","name":"aws_sns_topic","provider_config_key":"aws","expressions":{"name":{"constant_value":"glacier-sns-topic"}},"schema_version":0,"raw_data":{"FileName":"main.tf","StartLine":3,"EndLine":5}}]}}}
