{
  "version": 4,
  "terraform_version": "0.15.4",
  "serial": 961,
  "lineage": "17d42b56-6ea0-ca6f-1292-70c99f478f58",
  "outputs": {},
  "resources": [
    {
      "mode": "managed",
      "type": "aws_internet_gateway",
      "name": "gw",
      "provider": "provider[\"registry.terraform.io/hashicorp/aws\"]",
      "instances": [
        {
          "schema_version": 0,
          "attributes": {
            "arn": "arn:aws:ec2:us-east-1:115553109071:internet-gateway/igw-0d832f0744df8abd9",
            "id": "igw-0d832f0744df8abd9",
            "owner_id": "115553109071",
            "tags": {
              "Name": "main"
            },
            "tags_all": {
              "Name": "main"
            },
            "vpc_id": "vpc-09c8510d145665a0f"
          },
          "sensitive_attributes": [],
          "private": "bnVsbA==",
          "dependencies": [
            "aws_vpc.nondefault"
          ]
        }
      ]
    },
    {
      "mode": "managed",
      "type": "aws_mq_broker",
      "name": "example",
      "provider": "provider[\"registry.terraform.io/hashicorp/aws\"]",
      "instances": [
        {
          "schema_version": 0,
          "attributes": {
            "apply_immediately": false,
            "arn": "arn:aws:mq:us-east-1:115553109071:broker:example:b-24cb3a81-8eb2-4007-95c2-7b5539d95a00",
            "authentication_strategy": "simple",
            "auto_minor_version_upgrade": false,
            "broker_name": "example",
            "configuration": [
              {
                "id": "c-735e3fe7-d91a-4c63-b989-bb8525ec46c5",
                "revision": 1
              }
            ],
            "deployment_mode": "ACTIVE_STANDBY_MULTI_AZ",
            "encryption_options": [
              {
                "kms_key_id": "",
                "use_aws_owned_key": true
              }
            ],
            "engine_type": "ActiveMQ",
            "engine_version": "5.15.9",
            "host_instance_type": "mq.m5.large",
            "id": "b-24cb3a81-8eb2-4007-95c2-7b5539d95a00",
            "instances": [
              {
                "console_url": "https://b-24cb3a81-8eb2-4007-95c2-7b5539d95a00-1.mq.us-east-1.amazonaws.com:8162",
                "endpoints": [
                  "ssl://b-24cb3a81-8eb2-4007-95c2-7b5539d95a00-1.mq.us-east-1.amazonaws.com:61617",
                  "amqp+ssl://b-24cb3a81-8eb2-4007-95c2-7b5539d95a00-1.mq.us-east-1.amazonaws.com:5671",
                  "stomp+ssl://b-24cb3a81-8eb2-4007-95c2-7b5539d95a00-1.mq.us-east-1.amazonaws.com:61614",
                  "mqtt+ssl://b-24cb3a81-8eb2-4007-95c2-7b5539d95a00-1.mq.us-east-1.amazonaws.com:8883",
                  "wss://b-24cb3a81-8eb2-4007-95c2-7b5539d95a00-1.mq.us-east-1.amazonaws.com:61619"
                ],
                "ip_address": "10.1.1.135"
              },
              {
                "console_url": "https://b-24cb3a81-8eb2-4007-95c2-7b5539d95a00-2.mq.us-east-1.amazonaws.com:8162",
                "endpoints": [
                  "ssl://b-24cb3a81-8eb2-4007-95c2-7b5539d95a00-2.mq.us-east-1.amazonaws.com:61617",
                  "amqp+ssl://b-24cb3a81-8eb2-4007-95c2-7b5539d95a00-2.mq.us-east-1.amazonaws.com:5671",
                  "stomp+ssl://b-24cb3a81-8eb2-4007-95c2-7b5539d95a00-2.mq.us-east-1.amazonaws.com:61614",
                  "mqtt+ssl://b-24cb3a81-8eb2-4007-95c2-7b5539d95a00-2.mq.us-east-1.amazonaws.com:8883",
                  "wss://b-24cb3a81-8eb2-4007-95c2-7b5539d95a00-2.mq.us-east-1.amazonaws.com:61619"
                ],
                "ip_address": "10.1.1.28"
              }
            ],
            "ldap_server_metadata": [],
            "logs": [
              {
                "audit": "false",
                "general": false
              }
            ],
            "maintenance_window_start_time": [
              {
                "day_of_week": "SATURDAY",
                "time_of_day": "16:00",
                "time_zone": "UTC"
              }
            ],
            "publicly_accessible": false,
            "security_groups": [
              "sg-04f372aec03417c79"
            ],
            "storage_type": "efs",
            "subnet_ids": [
              "subnet-05e12e3d91709d905",
              "subnet-0b096ea34058b6b35"
            ],
            "tags": null,
            "tags_all": {},
            "user": [
              {
                "console_access": false,
                "groups": [],
                "password": "MindTheGap-MindTheGap",
                "username": "ExampleUser"
              }
            ]
          },
          "sensitive_attributes": [],
          "private": "bnVsbA==",
          "dependencies": [
            "aws_security_group.nondefault",
            "aws_subnet.nondefault_1",
            "aws_subnet.nondefault_2",
            "aws_vpc.nondefault"
          ]
        }
      ]
    },
    {
      "mode": "managed",
      "type": "aws_route_table",
      "name": "public-rtb",
      "provider": "provider[\"registry.terraform.io/hashicorp/aws\"]",
      "instances": [
        {
          "schema_version": 0,
          "attributes": {
            "arn": "arn:aws:ec2:us-east-1:115553109071:route-table/rtb-08c56d384a862fcb6",
            "id": "rtb-08c56d384a862fcb6",
            "owner_id": "115553109071",
            "propagating_vgws": [],
            "route": [
              {
                "carrier_gateway_id": "",
                "cidr_block": "0.0.0.0/0",
                "destination_prefix_list_id": "",
                "egress_only_gateway_id": "",
                "gateway_id": "igw-0d832f0744df8abd9",
                "instance_id": "",
                "ipv6_cidr_block": "",
                "local_gateway_id": "",
                "nat_gateway_id": "",
                "network_interface_id": "",
                "transit_gateway_id": "",
                "vpc_endpoint_id": "",
                "vpc_peering_connection_id": ""
              }
            ],
            "tags": {
              "Name": "public-rtb"
            },
            "tags_all": {
              "Name": "public-rtb"
            },
            "vpc_id": "vpc-09c8510d145665a0f"
          },
          "sensitive_attributes": [],
          "private": "bnVsbA==",
          "dependencies": [
            "aws_internet_gateway.gw",
            "aws_vpc.nondefault"
          ]
        }
      ]
    },
    {
      "mode": "managed",
      "type": "aws_route_table_association",
      "name": "public-rtb-assoc_1",
      "provider": "provider[\"registry.terraform.io/hashicorp/aws\"]",
      "instances": [
        {
          "schema_version": 0,
          "attributes": {
            "gateway_id": null,
            "id": "rtbassoc-0b2e2b0781bcef804",
            "route_table_id": "rtb-08c56d384a862fcb6",
            "subnet_id": "subnet-0b096ea34058b6b35"
          },
          "sensitive_attributes": [],
          "private": "bnVsbA==",
          "dependencies": [
            "aws_internet_gateway.gw",
            "aws_route_table.public-rtb",
            "aws_subnet.nondefault_1",
            "aws_vpc.nondefault"
          ]
        }
      ]
    },
    {
      "mode": "managed",
      "type": "aws_route_table_association",
      "name": "public-rtb-assoc_2",
      "provider": "provider[\"registry.terraform.io/hashicorp/aws\"]",
      "instances": [
        {
          "schema_version": 0,
          "attributes": {
            "gateway_id": null,
            "id": "rtbassoc-0485dfe2cc355e432",
            "route_table_id": "rtb-08c56d384a862fcb6",
            "subnet_id": "subnet-05e12e3d91709d905"
          },
          "sensitive_attributes": [],
          "private": "bnVsbA==",
          "dependencies": [
            "aws_internet_gateway.gw",
            "aws_route_table.public-rtb",
            "aws_subnet.nondefault_2",
            "aws_vpc.nondefault"
          ]
        }
      ]
    },
    {
      "mode": "managed",
      "type": "aws_security_group",
      "name": "nondefault",
      "provider": "provider[\"registry.terraform.io/hashicorp/aws\"]",
      "instances": [
        {
          "schema_version": 1,
          "attributes": {
            "arn": "arn:aws:ec2:us-east-1:115553109071:security-group/sg-04f372aec03417c79",
            "description": "Managed by Terraform",
            "egress": [
              {
                "cidr_blocks": [
                  "0.0.0.0/0"
                ],
                "description": "",
                "from_port": 0,
                "ipv6_cidr_blocks": [],
                "prefix_list_ids": [],
                "protocol": "-1",
                "security_groups": [],
                "self": false,
                "to_port": 0
              }
            ],
            "id": "sg-04f372aec03417c79",
            "ingress": [
              {
                "cidr_blocks": [
                  "0.0.0.0/0"
                ],
                "description": "",
                "from_port": 0,
                "ipv6_cidr_blocks": [],
                "prefix_list_ids": [],
                "protocol": "-1",
                "security_groups": [],
                "self": false,
                "to_port": 0
              }
            ],
            "name": "terraform-20210620142835915900000001",
            "name_prefix": "terraform-",
            "owner_id": "115553109071",
            "revoke_rules_on_delete": false,
            "tags": null,
            "tags_all": {},
            "timeouts": null,
            "vpc_id": "vpc-09c8510d145665a0f"
          },
          "sensitive_attributes": [],
          "private": "eyJlMmJmYjczMC1lY2FhLTExZTYtOGY4OC0zNDM2M2JjN2M0YzAiOnsiY3JlYXRlIjo2MDAwMDAwMDAwMDAsImRlbGV0ZSI6OTAwMDAwMDAwMDAwfSwic2NoZW1hX3ZlcnNpb24iOiIxIn0=",
          "dependencies": [
            "aws_vpc.nondefault"
          ]
        }
      ]
    },
    {
      "mode": "managed",
      "type": "aws_security_group",
      "name": "unused",
      "provider": "provider[\"registry.terraform.io/hashicorp/aws\"]",
      "instances": [
        {
          "schema_version": 1,
          "attributes": {
            "arn": "arn:aws:ec2:us-east-1:115553109071:security-group/sg-0de2ae08951f8f9de",
            "description": "Managed by Terraform",
            "egress": [],
            "id": "sg-0de2ae08951f8f9de",
            "ingress": [
              {
                "cidr_blocks": [
                  "0.0.0.0/0"
                ],
                "description": "",
                "from_port": 53,
                "ipv6_cidr_blocks": [],
                "prefix_list_ids": [],
                "protocol": "udp",
                "security_groups": [],
                "self": false,
                "to_port": 53
              }
            ],
            "name": "Unused security group",
            "name_prefix": "",
            "owner_id": "115553109071",
            "revoke_rules_on_delete": false,
            "tags": null,
            "tags_all": {},
            "timeouts": null,
            "vpc_id": "vpc-09c8510d145665a0f"
          },
          "sensitive_attributes": [],
          "private": "eyJlMmJmYjczMC1lY2FhLTExZTYtOGY4OC0zNDM2M2JjN2M0YzAiOnsiY3JlYXRlIjo2MDAwMDAwMDAwMDAsImRlbGV0ZSI6OTAwMDAwMDAwMDAwfSwic2NoZW1hX3ZlcnNpb24iOiIxIn0=",
          "dependencies": [
            "aws_vpc.nondefault"
          ]
        }
      ]
    },
    {
      "mode": "managed",
      "type": "aws_subnet",
      "name": "nondefault_1",
      "provider": "provider[\"registry.terraform.io/hashicorp/aws\"]",
      "instances": [
        {
          "schema_version": 1,
          "attributes": {
            "arn": "arn:aws:ec2:us-east-1:115553109071:subnet/subnet-0b096ea34058b6b35",
            "assign_ipv6_address_on_creation": false,
            "availability_zone": "us-east-1a",
            "availability_zone_id": "use1-az1",
            "cidr_block": "10.1.1.128/25",
            "customer_owned_ipv4_pool": "",
            "id": "subnet-0b096ea34058b6b35",
            "ipv6_cidr_block": "",
            "ipv6_cidr_block_association_id": "",
            "map_customer_owned_ip_on_launch": false,
            "map_public_ip_on_launch": false,
            "outpost_arn": "",
            "owner_id": "115553109071",
            "tags": null,
            "tags_all": {},
            "timeouts": null,
            "vpc_id": "vpc-09c8510d145665a0f"
          },
          "sensitive_attributes": [],
          "private": "eyJlMmJmYjczMC1lY2FhLTExZTYtOGY4OC0zNDM2M2JjN2M0YzAiOnsiY3JlYXRlIjo2MDAwMDAwMDAwMDAsImRlbGV0ZSI6MTIwMDAwMDAwMDAwMH0sInNjaGVtYV92ZXJzaW9uIjoiMSJ9",
          "dependencies": [
            "aws_vpc.nondefault"
          ]
        }
      ]
    },
    {
      "mode": "managed",
      "type": "aws_subnet",
      "name": "nondefault_2",
      "provider": "provider[\"registry.terraform.io/hashicorp/aws\"]",
      "instances": [
        {
          "schema_version": 1,
          "attributes": {
            "arn": "arn:aws:ec2:us-east-1:115553109071:subnet/subnet-05e12e3d91709d905",
            "assign_ipv6_address_on_creation": false,
            "availability_zone": "us-east-1b",
            "availability_zone_id": "use1-az2",
            "cidr_block": "10.1.1.0/25",
            "customer_owned_ipv4_pool": "",
            "id": "subnet-05e12e3d91709d905",
            "ipv6_cidr_block": "",
            "ipv6_cidr_block_association_id": "",
            "map_customer_owned_ip_on_launch": false,
            "map_public_ip_on_launch": false,
            "outpost_arn": "",
            "owner_id": "115553109071",
            "tags": null,
            "tags_all": {},
            "timeouts": null,
            "vpc_id": "vpc-09c8510d145665a0f"
          },
          "sensitive_attributes": [],
          "private": "eyJlMmJmYjczMC1lY2FhLTExZTYtOGY4OC0zNDM2M2JjN2M0YzAiOnsiY3JlYXRlIjo2MDAwMDAwMDAwMDAsImRlbGV0ZSI6MTIwMDAwMDAwMDAwMH0sInNjaGVtYV92ZXJzaW9uIjoiMSJ9",
          "dependencies": [
            "aws_vpc.nondefault"
          ]
        }
      ]
    },
    {
      "mode": "managed",
      "type": "aws_vpc",
      "name": "nondefault",
      "provider": "provider[\"registry.terraform.io/hashicorp/aws\"]",
      "instances": [
        {
          "schema_version": 1,
          "attributes": {
            "arn": "arn:aws:ec2:us-east-1:115553109071:vpc/vpc-09c8510d145665a0f",
            "assign_generated_ipv6_cidr_block": false,
            "cidr_block": "10.1.1.0/24",
            "default_network_acl_id": "acl-0059762aac635e6a0",
            "default_route_table_id": "rtb-0f80eb5ac1513e221",
            "default_security_group_id": "sg-0074b6ea479b36b85",
            "dhcp_options_id": "dopt-3045214a",
            "enable_classiclink": false,
            "enable_classiclink_dns_support": false,
            "enable_dns_hostnames": false,
            "enable_dns_support": true,
            "id": "vpc-09c8510d145665a0f",
            "instance_tenancy": "default",
            "ipv6_association_id": "",
            "ipv6_cidr_block": "",
            "main_route_table_id": "rtb-0f80eb5ac1513e221",
            "owner_id": "115553109071",
            "tags": null,
            "tags_all": {}
          },
          "sensitive_attributes": [],
          "private": "eyJzY2hlbWFfdmVyc2lvbiI6IjEifQ=="
        }
      ]
    }
  ]
}
