{"format_version":"0.1","terraform_version":"0.12.29","planned_values":{"root_module":{"resources":[{"address":"aws_dms_replication_instance.test","mode":"managed","type":"aws_dms_replication_instance","name":"test","provider_name":"aws","schema_version":0,"values":{"allocated_storage":20,"allow_major_version_upgrade":null,"apply_immediately":true,"auto_minor_version_upgrade":true,"multi_az":true,"preferred_maintenance_window":"sun:10:30-sun:14:30","publicly_accessible":true,"replication_instance_class":"dms.t2.micro","replication_instance_id":"test-dms-replication-instance-tf","replication_subnet_group_id":"test-dms-replication-subnet-group-tf","tags":{"Name":"test"},"timeouts":null,"vpc_security_group_ids":["aws_security_group.nondefault.id"]}},{"address":"aws_dms_replication_subnet_group.test","mode":"managed","type":"aws_dms_replication_subnet_group","name":"test","provider_name":"aws","schema_version":0,"values":{"replication_subnet_group_description":"Test replication subnet group","replication_subnet_group_id":"test-dms-replication-subnet-group-tf","subnet_ids":["aws_subnet.nondefault_1.id","aws_subnet.nondefault_2.id"],"tags":{"Name":"test"}}},{"address":"aws_iam_role.dms-access-for-endpoint","mode":"managed","type":"aws_iam_role","name":"dms-access-for-endpoint","provider_name":"aws","schema_version":0,"values":{"assume_role_policy":"{\n  \"Version\": \"2012-10-17\",\n  \"Statement\": [\n    {\n      \"Sid\": \"\",\n      \"Effect\": \"Allow\",\n      \"Action\": \"sts:AssumeRole\",\n      \"Principal\": {\n        \"Service\": \"dms.amazonaws.com\"\n      }\n    }\n  ]\n}","description":null,"force_detach_policies":false,"max_session_duration":3600,"name":"dms-access-for-endpoint","name_prefix":null,"path":"/","permissions_boundary":null,"tags":null}},{"address":"aws_iam_role.dms-cloudwatch-logs-role","mode":"managed","type":"aws_iam_role","name":"dms-cloudwatch-logs-role","provider_name":"aws","schema_version":0,"values":{"assume_role_policy":"{\n  \"Version\": \"2012-10-17\",\n  \"Statement\": [\n    {\n      \"Sid\": \"\",\n      \"Effect\": \"Allow\",\n      \"Action\": \"sts:AssumeRole\",\n      \"Principal\": {\n        \"Service\": \"dms.amazonaws.com\"\n      }\n    }\n  ]\n}","description":null,"force_detach_policies":false,"max_session_duration":3600,"name":"dms-cloudwatch-logs-role","name_prefix":null,"path":"/","permissions_boundary":null,"tags":null}},{"address":"aws_iam_role.dms-vpc-role","mode":"managed","type":"aws_iam_role","name":"dms-vpc-role","provider_name":"aws","schema_version":0,"values":{"assume_role_policy":"{\n  \"Version\": \"2012-10-17\",\n  \"Statement\": [\n    {\n      \"Sid\": \"\",\n      \"Effect\": \"Allow\",\n      \"Action\": \"sts:AssumeRole\",\n      \"Principal\": {\n        \"Service\": \"dms.amazonaws.com\"\n      }\n    }\n  ]\n}","description":null,"force_detach_policies":false,"max_session_duration":3600,"name":"dms-vpc-role","name_prefix":null,"path":"/","permissions_boundary":null,"tags":null}},{"address":"aws_iam_role_policy_attachment.dms-access-for-endpoint-AmazonDMSRedshiftS3Role","mode":"managed","type":"aws_iam_role_policy_attachment","name":"dms-access-for-endpoint-AmazonDMSRedshiftS3Role","provider_name":"aws","schema_version":0,"values":{"policy_arn":"arn:aws:iam::aws:policy/service-role/AmazonDMSRedshiftS3Role","role":"dms-access-for-endpoint"}},{"address":"aws_iam_role_policy_attachment.dms-cloudwatch-logs-role-AmazonDMSCloudWatchLogsRole","mode":"managed","type":"aws_iam_role_policy_attachment","name":"dms-cloudwatch-logs-role-AmazonDMSCloudWatchLogsRole","provider_name":"aws","schema_version":0,"values":{"policy_arn":"arn:aws:iam::aws:policy/service-role/AmazonDMSCloudWatchLogsRole","role":"dms-cloudwatch-logs-role"}},{"address":"aws_iam_role_policy_attachment.dms-vpc-role-AmazonDMSVPCManagementRole","mode":"managed","type":"aws_iam_role_policy_attachment","name":"dms-vpc-role-AmazonDMSVPCManagementRole","provider_name":"aws","schema_version":0,"values":{"policy_arn":"arn:aws:iam::aws:policy/service-role/AmazonDMSVPCManagementRole","role":"dms-vpc-role"}},{"address":"aws_internet_gateway.gw","mode":"managed","type":"aws_internet_gateway","name":"gw","provider_name":"aws","schema_version":0,"values":{"tags":{"Name":"main"},"vpc_id":"aws_vpc.nondefault.id"}},{"address":"aws_route_table.public-rtb","mode":"managed","type":"aws_route_table","name":"public-rtb","provider_name":"aws","schema_version":0,"values":{"route":[{"carrier_gateway_id":null,"cidr_block":"0.0.0.0/0","destination_prefix_list_id":null,"egress_only_gateway_id":null,"gateway_id":"aws_internet_gateway.gw.id","instance_id":null,"ipv6_cidr_block":null,"local_gateway_id":null,"nat_gateway_id":null,"network_interface_id":null,"transit_gateway_id":null,"vpc_endpoint_id":null,"vpc_peering_connection_id":null}],"tags":{"Name":"public-rtb"},"vpc_id":"aws_vpc.nondefault.id"}},{"address":"aws_route_table_association.public-rtb-assoc_1","mode":"managed","type":"aws_route_table_association","name":"public-rtb-assoc_1","provider_name":"aws","schema_version":0,"values":{"gateway_id":null,"route_table_id":"aws_route_table.public-rtb.id","subnet_id":"aws_subnet.nondefault_1.id"}},{"address":"aws_route_table_association.public-rtb-assoc_2","mode":"managed","type":"aws_route_table_association","name":"public-rtb-assoc_2","provider_name":"aws","schema_version":0,"values":{"gateway_id":null,"route_table_id":"aws_route_table.public-rtb.id","subnet_id":"aws_subnet.nondefault_2.id"}},{"address":"aws_security_group.nondefault","mode":"managed","type":"aws_security_group","name":"nondefault","provider_name":"aws","schema_version":1,"values":{"description":"Managed by Terraform","egress":[{"cidr_blocks":["0.0.0.0/0"],"description":null,"from_port":0,"ipv6_cidr_blocks":null,"prefix_list_ids":null,"protocol":"-1","security_groups":null,"self":null,"to_port":0}],"ingress":[{"cidr_blocks":["0.0.0.0/0"],"description":null,"from_port":0,"ipv6_cidr_blocks":null,"prefix_list_ids":null,"protocol":"-1","security_groups":null,"self":null,"to_port":0}],"revoke_rules_on_delete":false,"tags":null,"timeouts":null,"vpc_id":"aws_vpc.nondefault.id"}},{"address":"aws_subnet.nondefault_1","mode":"managed","type":"aws_subnet","name":"nondefault_1","provider_name":"aws","schema_version":1,"values":{"assign_ipv6_address_on_creation":false,"availability_zone":"us-east-1a","cidr_block":"10.1.1.128/25","customer_owned_ipv4_pool":null,"ipv6_cidr_block":null,"map_customer_owned_ip_on_launch":null,"map_public_ip_on_launch":false,"outpost_arn":null,"tags":null,"timeouts":null,"vpc_id":"aws_vpc.nondefault.id"}},{"address":"aws_subnet.nondefault_2","mode":"managed","type":"aws_subnet","name":"nondefault_2","provider_name":"aws","schema_version":1,"values":{"assign_ipv6_address_on_creation":false,"availability_zone":"us-east-1b","cidr_block":"10.1.1.0/25","customer_owned_ipv4_pool":null,"ipv6_cidr_block":null,"map_customer_owned_ip_on_launch":null,"map_public_ip_on_launch":false,"outpost_arn":null,"tags":null,"timeouts":null,"vpc_id":"aws_vpc.nondefault.id"}},{"address":"aws_vpc.nondefault","mode":"managed","type":"aws_vpc","name":"nondefault","provider_name":"aws","schema_version":1,"values":{"assign_generated_ipv6_cidr_block":false,"cidr_block":"10.1.1.0/24","enable_dns_support":true,"instance_tenancy":"default","tags":null}}]}},"resource_changes":[{"address":"aws_dms_replication_instance.test","mode":"managed","type":"aws_dms_replication_instance","name":"test","provider_name":"aws","change":{"actions":["create"],"before":null,"after":{"allocated_storage":20,"allow_major_version_upgrade":null,"apply_immediately":true,"auto_minor_version_upgrade":true,"multi_az":true,"preferred_maintenance_window":"sun:10:30-sun:14:30","publicly_accessible":true,"replication_instance_class":"dms.t2.micro","replication_instance_id":"test-dms-replication-instance-tf","replication_subnet_group_id":"test-dms-replication-subnet-group-tf","tags":{"Name":"test"},"timeouts":null,"vpc_security_group_ids":["aws_security_group.nondefault.id"]},"after_unknown":{"availability_zone":true,"engine_version":true,"id":true,"kms_key_arn":true,"replication_instance_arn":true,"replication_instance_private_ips":true,"replication_instance_public_ips":true,"tags":{},"vpc_security_group_ids":[false]}}},{"address":"aws_dms_replication_subnet_group.test","mode":"managed","type":"aws_dms_replication_subnet_group","name":"test","provider_name":"aws","change":{"actions":["create"],"before":null,"after":{"replication_subnet_group_description":"Test replication subnet group","replication_subnet_group_id":"test-dms-replication-subnet-group-tf","subnet_ids":["aws_subnet.nondefault_1.id","aws_subnet.nondefault_2.id"],"tags":{"Name":"test"}},"after_unknown":{"id":true,"replication_subnet_group_arn":true,"subnet_ids":[false,false],"tags":{},"vpc_id":true}}},{"address":"aws_iam_role.dms-access-for-endpoint","mode":"managed","type":"aws_iam_role","name":"dms-access-for-endpoint","provider_name":"aws","change":{"actions":["create"],"before":null,"after":{"assume_role_policy":"{\n  \"Version\": \"2012-10-17\",\n  \"Statement\": [\n    {\n      \"Sid\": \"\",\n      \"Effect\": \"Allow\",\n      \"Action\": \"sts:AssumeRole\",\n      \"Principal\": {\n        \"Service\": \"dms.amazonaws.com\"\n      }\n    }\n  ]\n}","description":null,"force_detach_policies":false,"max_session_duration":3600,"name":"dms-access-for-endpoint","name_prefix":null,"path":"/","permissions_boundary":null,"tags":null},"after_unknown":{"arn":true,"create_date":true,"id":true,"inline_policy":true,"managed_policy_arns":true,"unique_id":true}}},{"address":"aws_iam_role.dms-cloudwatch-logs-role","mode":"managed","type":"aws_iam_role","name":"dms-cloudwatch-logs-role","provider_name":"aws","change":{"actions":["create"],"before":null,"after":{"assume_role_policy":"{\n  \"Version\": \"2012-10-17\",\n  \"Statement\": [\n    {\n      \"Sid\": \"\",\n      \"Effect\": \"Allow\",\n      \"Action\": \"sts:AssumeRole\",\n      \"Principal\": {\n        \"Service\": \"dms.amazonaws.com\"\n      }\n    }\n  ]\n}","description":null,"force_detach_policies":false,"max_session_duration":3600,"name":"dms-cloudwatch-logs-role","name_prefix":null,"path":"/","permissions_boundary":null,"tags":null},"after_unknown":{"arn":true,"create_date":true,"id":true,"inline_policy":true,"managed_policy_arns":true,"unique_id":true}}},{"address":"aws_iam_role.dms-vpc-role","mode":"managed","type":"aws_iam_role","name":"dms-vpc-role","provider_name":"aws","change":{"actions":["create"],"before":null,"after":{"assume_role_policy":"{\n  \"Version\": \"2012-10-17\",\n  \"Statement\": [\n    {\n      \"Sid\": \"\",\n      \"Effect\": \"Allow\",\n      \"Action\": \"sts:AssumeRole\",\n      \"Principal\": {\n        \"Service\": \"dms.amazonaws.com\"\n      }\n    }\n  ]\n}","description":null,"force_detach_policies":false,"max_session_duration":3600,"name":"dms-vpc-role","name_prefix":null,"path":"/","permissions_boundary":null,"tags":null},"after_unknown":{"arn":true,"create_date":true,"id":true,"inline_policy":true,"managed_policy_arns":true,"unique_id":true}}},{"address":"aws_iam_role_policy_attachment.dms-access-for-endpoint-AmazonDMSRedshiftS3Role","mode":"managed","type":"aws_iam_role_policy_attachment","name":"dms-access-for-endpoint-AmazonDMSRedshiftS3Role","provider_name":"aws","change":{"actions":["create"],"before":null,"after":{"policy_arn":"arn:aws:iam::aws:policy/service-role/AmazonDMSRedshiftS3Role","role":"dms-access-for-endpoint"},"after_unknown":{"id":true}}},{"address":"aws_iam_role_policy_attachment.dms-cloudwatch-logs-role-AmazonDMSCloudWatchLogsRole","mode":"managed","type":"aws_iam_role_policy_attachment","name":"dms-cloudwatch-logs-role-AmazonDMSCloudWatchLogsRole","provider_name":"aws","change":{"actions":["create"],"before":null,"after":{"policy_arn":"arn:aws:iam::aws:policy/service-role/AmazonDMSCloudWatchLogsRole","role":"dms-cloudwatch-logs-role"},"after_unknown":{"id":true}}},{"address":"aws_iam_role_policy_attachment.dms-vpc-role-AmazonDMSVPCManagementRole","mode":"managed","type":"aws_iam_role_policy_attachment","name":"dms-vpc-role-AmazonDMSVPCManagementRole","provider_name":"aws","change":{"actions":["create"],"before":null,"after":{"policy_arn":"arn:aws:iam::aws:policy/service-role/AmazonDMSVPCManagementRole","role":"dms-vpc-role"},"after_unknown":{"id":true}}},{"address":"aws_internet_gateway.gw","mode":"managed","type":"aws_internet_gateway","name":"gw","provider_name":"aws","change":{"actions":["create"],"before":null,"after":{"tags":{"Name":"main"},"vpc_id":"aws_vpc.nondefault.id"},"after_unknown":{"arn":true,"id":true,"owner_id":true,"tags":{}}}},{"address":"aws_route_table.public-rtb","mode":"managed","type":"aws_route_table","name":"public-rtb","provider_name":"aws","change":{"actions":["create"],"before":null,"after":{"route":[{"carrier_gateway_id":null,"cidr_block":"0.0.0.0/0","destination_prefix_list_id":null,"egress_only_gateway_id":null,"gateway_id":"aws_internet_gateway.gw.id","instance_id":null,"ipv6_cidr_block":null,"local_gateway_id":null,"nat_gateway_id":null,"network_interface_id":null,"transit_gateway_id":null,"vpc_endpoint_id":null,"vpc_peering_connection_id":null}],"tags":{"Name":"public-rtb"},"vpc_id":"aws_vpc.nondefault.id"},"after_unknown":{"arn":true,"id":true,"owner_id":true,"propagating_vgws":true,"route":[{}],"tags":{}}}},{"address":"aws_route_table_association.public-rtb-assoc_1","mode":"managed","type":"aws_route_table_association","name":"public-rtb-assoc_1","provider_name":"aws","change":{"actions":["create"],"before":null,"after":{"gateway_id":null,"route_table_id":"aws_route_table.public-rtb.id","subnet_id":"aws_subnet.nondefault_1.id"},"after_unknown":{"id":true}}},{"address":"aws_route_table_association.public-rtb-assoc_2","mode":"managed","type":"aws_route_table_association","name":"public-rtb-assoc_2","provider_name":"aws","change":{"actions":["create"],"before":null,"after":{"gateway_id":null,"route_table_id":"aws_route_table.public-rtb.id","subnet_id":"aws_subnet.nondefault_2.id"},"after_unknown":{"id":true}}},{"address":"aws_security_group.nondefault","mode":"managed","type":"aws_security_group","name":"nondefault","provider_name":"aws","change":{"actions":["create"],"before":null,"after":{"description":"Managed by Terraform","egress":[{"cidr_blocks":["0.0.0.0/0"],"description":null,"from_port":0,"ipv6_cidr_blocks":null,"prefix_list_ids":null,"protocol":"-1","security_groups":null,"self":null,"to_port":0}],"ingress":[{"cidr_blocks":["0.0.0.0/0"],"description":null,"from_port":0,"ipv6_cidr_blocks":null,"prefix_list_ids":null,"protocol":"-1","security_groups":null,"self":null,"to_port":0}],"revoke_rules_on_delete":false,"tags":null,"timeouts":null,"vpc_id":"aws_vpc.nondefault.id"},"after_unknown":{"arn":true,"egress":[{"cidr_blocks":[false]}],"id":true,"ingress":[{"cidr_blocks":[false]}],"name":true,"name_prefix":true,"owner_id":true}}},{"address":"aws_subnet.nondefault_1","mode":"managed","type":"aws_subnet","name":"nondefault_1","provider_name":"aws","change":{"actions":["create"],"before":null,"after":{"assign_ipv6_address_on_creation":false,"availability_zone":"us-east-1a","cidr_block":"10.1.1.128/25","customer_owned_ipv4_pool":null,"ipv6_cidr_block":null,"map_customer_owned_ip_on_launch":null,"map_public_ip_on_launch":false,"outpost_arn":null,"tags":null,"timeouts":null,"vpc_id":"aws_vpc.nondefault.id"},"after_unknown":{"arn":true,"availability_zone_id":true,"id":true,"ipv6_cidr_block_association_id":true,"owner_id":true,"tags_all":true}}},{"address":"aws_subnet.nondefault_2","mode":"managed","type":"aws_subnet","name":"nondefault_2","provider_name":"aws","change":{"actions":["create"],"before":null,"after":{"assign_ipv6_address_on_creation":false,"availability_zone":"us-east-1b","cidr_block":"10.1.1.0/25","customer_owned_ipv4_pool":null,"ipv6_cidr_block":null,"map_customer_owned_ip_on_launch":null,"map_public_ip_on_launch":false,"outpost_arn":null,"tags":null,"timeouts":null,"vpc_id":"aws_vpc.nondefault.id"},"after_unknown":{"arn":true,"availability_zone_id":true,"id":true,"ipv6_cidr_block_association_id":true,"owner_id":true,"tags_all":true}}},{"address":"aws_vpc.nondefault","mode":"managed","type":"aws_vpc","name":"nondefault","provider_name":"aws","change":{"actions":["create"],"before":null,"after":{"assign_generated_ipv6_cidr_block":false,"cidr_block":"10.1.1.0/24","enable_dns_support":true,"instance_tenancy":"default","tags":null},"after_unknown":{"arn":true,"default_network_acl_id":true,"default_route_table_id":true,"default_security_group_id":true,"dhcp_options_id":true,"enable_classiclink":true,"enable_classiclink_dns_support":true,"enable_dns_hostnames":true,"id":true,"ipv6_association_id":true,"ipv6_cidr_block":true,"main_route_table_id":true,"owner_id":true,"tags_all":true}}}],"prior_state":{"format_version":"0.1","terraform_version":"0.12.29","values":{"root_module":{"resources":[{"address":"data.aws_iam_policy_document.dms_assume_role","mode":"data","type":"aws_iam_policy_document","name":"dms_assume_role","provider_name":"aws","schema_version":0,"values":{"id":"838930504","json":"{\n  \"Version\": \"2012-10-17\",\n  \"Statement\": [\n    {\n      \"Sid\": \"\",\n      \"Effect\": \"Allow\",\n      \"Action\": \"sts:AssumeRole\",\n      \"Principal\": {\n        \"Service\": \"dms.amazonaws.com\"\n      }\n    }\n  ]\n}","override_json":null,"override_policy_documents":null,"policy_id":null,"source_json":null,"source_policy_documents":null,"statement":[{"actions":["sts:AssumeRole"],"condition":[],"effect":"Allow","not_actions":[],"not_principals":[],"not_resources":[],"principals":[{"identifiers":["dms.amazonaws.com"],"type":"Service"}],"resources":[],"sid":""}],"version":"2012-10-17"}}]}}},"configuration":{"provider_config":{"aws":{"name":"aws","expressions":{"region":{"constant_value":"us-east-1"}}}},"root_module":{"resources":[{"address":"aws_dms_replication_instance.test","mode":"managed","type":"aws_dms_replication_instance","name":"test","provider_config_key":"aws","expressions":{"allocated_storage":{"constant_value":20},"apply_immediately":{"constant_value":true},"auto_minor_version_upgrade":{"constant_value":true},"multi_az":{"constant_value":true},"preferred_maintenance_window":{"constant_value":"sun:10:30-sun:14:30"},"publicly_accessible":{"constant_value":true},"replication_instance_class":{"constant_value":"dms.t2.micro"},"replication_instance_id":{"constant_value":"test-dms-replication-instance-tf"},"replication_subnet_group_id":{"references":["aws_dms_replication_subnet_group.test"]},"tags":{"constant_value":{"Name":"test"}},"vpc_security_group_ids":{"references":["aws_security_group.nondefault"]}},"schema_version":0,"raw_data":{"FileName":"main.tf","StartLine":128,"EndLine":144}},{"address":"aws_dms_replication_subnet_group.test","mode":"managed","type":"aws_dms_replication_subnet_group","name":"test","provider_config_key":"aws","expressions":{"replication_subnet_group_description":{"constant_value":"Test replication subnet group"},"replication_subnet_group_id":{"constant_value":"test-dms-replication-subnet-group-tf"},"subnet_ids":{"references":["aws_subnet.nondefault_1","aws_subnet.nondefault_2"]},"tags":{"constant_value":{"Name":"test"}}},"schema_version":0,"raw_data":{"FileName":"main.tf","StartLine":114,"EndLine":126}},{"address":"aws_iam_role.dms-access-for-endpoint","mode":"managed","type":"aws_iam_role","name":"dms-access-for-endpoint","provider_config_key":"aws","expressions":{"assume_role_policy":{"references":["data.aws_iam_policy_document.dms_assume_role"]},"name":{"constant_value":"dms-access-for-endpoint"}},"schema_version":0,"raw_data":{"FileName":"main.tf","StartLine":83,"EndLine":86}},{"address":"aws_iam_role.dms-cloudwatch-logs-role","mode":"managed","type":"aws_iam_role","name":"dms-cloudwatch-logs-role","provider_config_key":"aws","expressions":{"assume_role_policy":{"references":["data.aws_iam_policy_document.dms_assume_role"]},"name":{"constant_value":"dms-cloudwatch-logs-role"}},"schema_version":0,"raw_data":{"FileName":"main.tf","StartLine":93,"EndLine":96}},{"address":"aws_iam_role.dms-vpc-role","mode":"managed","type":"aws_iam_role","name":"dms-vpc-role","provider_config_key":"aws","expressions":{"assume_role_policy":{"references":["data.aws_iam_policy_document.dms_assume_role"]},"name":{"constant_value":"dms-vpc-role"}},"schema_version":0,"raw_data":{"FileName":"main.tf","StartLine":103,"EndLine":106}},{"address":"aws_iam_role_policy_attachment.dms-access-for-endpoint-AmazonDMSRedshiftS3Role","mode":"managed","type":"aws_iam_role_policy_attachment","name":"dms-access-for-endpoint-AmazonDMSRedshiftS3Role","provider_config_key":"aws","expressions":{"policy_arn":{"constant_value":"arn:aws:iam::aws:policy/service-role/AmazonDMSRedshiftS3Role"},"role":{"references":["aws_iam_role.dms-access-for-endpoint"]}},"schema_version":0,"raw_data":{"FileName":"main.tf","StartLine":88,"EndLine":91}},{"address":"aws_iam_role_policy_attachment.dms-cloudwatch-logs-role-AmazonDMSCloudWatchLogsRole","mode":"managed","type":"aws_iam_role_policy_attachment","name":"dms-cloudwatch-logs-role-AmazonDMSCloudWatchLogsRole","provider_config_key":"aws","expressions":{"policy_arn":{"constant_value":"arn:aws:iam::aws:policy/service-role/AmazonDMSCloudWatchLogsRole"},"role":{"references":["aws_iam_role.dms-cloudwatch-logs-role"]}},"schema_version":0,"raw_data":{"FileName":"main.tf","StartLine":98,"EndLine":101}},{"address":"aws_iam_role_policy_attachment.dms-vpc-role-AmazonDMSVPCManagementRole","mode":"managed","type":"aws_iam_role_policy_attachment","name":"dms-vpc-role-AmazonDMSVPCManagementRole","provider_config_key":"aws","expressions":{"policy_arn":{"constant_value":"arn:aws:iam::aws:policy/service-role/AmazonDMSVPCManagementRole"},"role":{"references":["aws_iam_role.dms-vpc-role"]}},"schema_version":0,"raw_data":{"FileName":"main.tf","StartLine":108,"EndLine":111}},{"address":"aws_internet_gateway.gw","mode":"managed","type":"aws_internet_gateway","name":"gw","provider_config_key":"aws","expressions":{"tags":{"constant_value":{"Name":"main"}},"vpc_id":{"references":["aws_vpc.nondefault"]}},"schema_version":0,"raw_data":{"FileName":"main.tf","StartLine":40,"EndLine":46}},{"address":"aws_route_table.public-rtb","mode":"managed","type":"aws_route_table","name":"public-rtb","provider_config_key":"aws","expressions":{"tags":{"constant_value":{"Name":"public-rtb"}},"vpc_id":{"references":["aws_vpc.nondefault"]}},"schema_version":0,"raw_data":{"FileName":"main.tf","StartLine":48,"EndLine":59}},{"address":"aws_route_table_association.public-rtb-assoc_1","mode":"managed","type":"aws_route_table_association","name":"public-rtb-assoc_1","provider_config_key":"aws","expressions":{"route_table_id":{"references":["aws_route_table.public-rtb"]},"subnet_id":{"references":["aws_subnet.nondefault_1"]}},"schema_version":0,"raw_data":{"FileName":"main.tf","StartLine":73,"EndLine":76}},{"address":"aws_route_table_association.public-rtb-assoc_2","mode":"managed","type":"aws_route_table_association","name":"public-rtb-assoc_2","provider_config_key":"aws","expressions":{"route_table_id":{"references":["aws_route_table.public-rtb"]},"subnet_id":{"references":["aws_subnet.nondefault_2"]}},"schema_version":0,"raw_data":{"FileName":"main.tf","StartLine":78,"EndLine":81}},{"address":"aws_security_group.nondefault","mode":"managed","type":"aws_security_group","name":"nondefault","provider_config_key":"aws","expressions":{"vpc_id":{"references":["aws_vpc.nondefault"]}},"schema_version":1,"raw_data":{"FileName":"main.tf","StartLine":9,"EndLine":26}},{"address":"aws_subnet.nondefault_1","mode":"managed","type":"aws_subnet","name":"nondefault_1","provider_config_key":"aws","expressions":{"availability_zone":{"constant_value":"us-east-1a"},"cidr_block":{"constant_value":"10.1.1.128/25"},"vpc_id":{"references":["aws_vpc.nondefault"]}},"schema_version":1,"raw_data":{"FileName":"main.tf","StartLine":28,"EndLine":32}},{"address":"aws_subnet.nondefault_2","mode":"managed","type":"aws_subnet","name":"nondefault_2","provider_config_key":"aws","expressions":{"availability_zone":{"constant_value":"us-east-1b"},"cidr_block":{"constant_value":"10.1.1.0/25"},"vpc_id":{"references":["aws_vpc.nondefault"]}},"schema_version":1,"raw_data":{"FileName":"main.tf","StartLine":34,"EndLine":38}},{"address":"aws_vpc.nondefault","mode":"managed","type":"aws_vpc","name":"nondefault","provider_config_key":"aws","expressions":{"cidr_block":{"constant_value":"10.1.1.0/24"}},"schema_version":1,"raw_data":{"FileName":"main.tf","StartLine":5,"EndLine":7}},{"address":"data.aws_iam_policy_document.dms_assume_role","mode":"data","type":"aws_iam_policy_document","name":"dms_assume_role","provider_config_key":"aws","expressions":{"statement":[{"actions":{"constant_value":["sts:AssumeRole"]},"principals":[{"identifiers":{"constant_value":["dms.amazonaws.com"]},"type":{"constant_value":"Service"}}]}]},"schema_version":0,"raw_data":{"FileName":"main.tf","StartLine":61,"EndLine":70}}]}}}
