{"format_version":"0.1","terraform_version":"0.12.29","planned_values":{"root_module":{"resources":[{"address":"aws_launch_configuration.as_conf","mode":"managed","type":"aws_launch_configuration","name":"as_conf","provider_name":"aws","schema_version":0,"values":{"associate_public_ip_address":false,"enable_monitoring":true,"ephemeral_block_device":[],"iam_instance_profile":null,"image_id":"data.aws_ami.ubuntu.id","instance_type":"t2.micro","name":"web_config","name_prefix":null,"placement_tenancy":null,"security_groups":null,"spot_price":null,"user_data":null,"user_data_base64":null,"vpc_classic_link_id":null,"vpc_classic_link_security_groups":null}},{"address":"data.aws_ami.ubuntu","mode":"data","type":"aws_ami","name":"ubuntu","provider_name":"aws","schema_version":0,"values":{"executable_users":null,"filter":[{"name":"name","values":["ubuntu/images/hvm-ssd/ubuntu-trusty-14.04-amd64-server-*"]},{"name":"virtualization-type","values":["hvm"]}],"most_recent":true,"name_regex":null,"owners":["099720109477"]}}]}},"resource_changes":[{"address":"aws_launch_configuration.as_conf","mode":"managed","type":"aws_launch_configuration","name":"as_conf","provider_name":"aws","change":{"actions":["create"],"before":null,"after":{"associate_public_ip_address":false,"enable_monitoring":true,"ephemeral_block_device":[],"iam_instance_profile":null,"image_id":"data.aws_ami.ubuntu.id","instance_type":"t2.micro","name":"web_config","name_prefix":null,"placement_tenancy":null,"security_groups":null,"spot_price":null,"user_data":null,"user_data_base64":null,"vpc_classic_link_id":null,"vpc_classic_link_security_groups":null},"after_unknown":{"arn":true,"ebs_block_device":true,"ebs_optimized":true,"ephemeral_block_device":[],"id":true,"key_name":true,"root_block_device":true}}},{"address":"data.aws_ami.ubuntu","mode":"data","type":"aws_ami","name":"ubuntu","provider_name":"aws","change":{"actions":["read"],"before":null,"after":{"executable_users":null,"filter":[{"name":"name","values":["ubuntu/images/hvm-ssd/ubuntu-trusty-14.04-amd64-server-*"]},{"name":"virtualization-type","values":["hvm"]}],"most_recent":true,"name_regex":null,"owners":["099720109477"]},"after_unknown":{"architecture":true,"arn":true,"block_device_mappings":true,"creation_date":true,"description":true,"filter":[{"values":[false]},{"values":[false]}],"hypervisor":true,"id":true,"image_id":true,"image_location":true,"image_owner_alias":true,"image_type":true,"kernel_id":true,"name":true,"owner_id":true,"owners":[false],"platform":true,"product_codes":true,"public":true,"ramdisk_id":true,"root_device_name":true,"root_device_type":true,"root_snapshot_id":true,"sriov_net_support":true,"state":true,"state_reason":true,"tags":true,"virtualization_type":true}}}],"configuration":{"provider_config":{"aws":{"name":"aws","expressions":{"region":{"constant_value":"us-east-1"}}}},"root_module":{"resources":[{"address":"aws_launch_configuration.as_conf","mode":"managed","type":"aws_launch_configuration","name":"as_conf","provider_config_key":"aws","expressions":{"image_id":{"references":["data.aws_ami.ubuntu"]},"instance_type":{"constant_value":"t2.micro"},"name":{"constant_value":"web_config"}},"schema_version":0,"raw_data":{"FileName":"main.tf","StartLine":25,"EndLine":29}},{"address":"data.aws_ami.ubuntu","mode":"data","type":"aws_ami","name":"ubuntu","provider_config_key":"aws","expressions":{"filter":[{"name":{"constant_value":"name"},"values":{"constant_value":["ubuntu/images/hvm-ssd/ubuntu-trusty-14.04-amd64-server-*"]}},{"name":{"constant_value":"virtualization-type"},"values":{"constant_value":["hvm"]}}],"most_recent":{"constant_value":true},"owners":{"constant_value":["099720109477"]}},"schema_version":0,"raw_data":{"FileName":"main.tf","StartLine":9,"EndLine":23}}]}}}
