{"format_version":"0.1","terraform_version":"0.13.4","planned_values":{"root_module":{"resources":[{"address":"aws_db_subnet_group.nondefault","mode":"managed","type":"aws_db_subnet_group","name":"nondefault","provider_name":"registry.terraform.io/hashicorp/aws","schema_version":0,"values":{"arn":"arn:aws:rds:us-east-1:115553109071:subgrp:nondefault","description":"Managed by Terraform","id":"nondefault","name":"nondefault","name_prefix":null,"subnet_ids":["subnet-03b9214cc93aed32b","subnet-07a9018968eff1892"],"tags":{},"tags_all":{}}},{"address":"aws_elasticsearch_domain.test","mode":"managed","type":"aws_elasticsearch_domain","name":"test","provider_name":"registry.terraform.io/hashicorp/aws","schema_version":0,"values":{"access_policies":null,"advanced_options":{"rest.action.multi.allow_explicit_index":"true"},"advanced_security_options":[],"arn":"arn:aws:es:us-east-1:115553109071:domain/test","cluster_config":[],"cognito_options":[],"domain_endpoint_options":[],"domain_id":"115553109071/test","domain_name":"test","ebs_options":[{"ebs_enabled":true,"iops":null,"volume_size":10,"volume_type":"gp2"}],"elasticsearch_version":"1.5","encrypt_at_rest":[],"endpoint":"vpc-test-cunk2xhedm6vau3gwomfatjv7e.us-east-1.es.amazonaws.com","id":"arn:aws:es:us-east-1:115553109071:domain/test","kibana_endpoint":"vpc-test-cunk2xhedm6vau3gwomfatjv7e.us-east-1.es.amazonaws.com/_plugin/kibana/","log_publishing_options":[],"node_to_node_encryption":[],"snapshot_options":[],"tags":{},"tags_all":{},"timeouts":null,"vpc_options":[{"availability_zones":["us-east-1a"],"security_group_ids":["sg-0a7911d18f1197d4a"],"subnet_ids":["subnet-07a9018968eff1892"],"vpc_id":"vpc-0259f6af3cb48fdde"}]}},{"address":"aws_iam_service_linked_role.es","mode":"managed","type":"aws_iam_service_linked_role","name":"es","provider_name":"registry.terraform.io/hashicorp/aws","schema_version":0,"values":{"aws_service_name":"es.amazonaws.com","custom_suffix":null,"description":"Allows Amazon ES to manage AWS resources for a domain on your behalf."}},{"address":"aws_security_group.nondefault","mode":"managed","type":"aws_security_group","name":"nondefault","provider_name":"registry.terraform.io/hashicorp/aws","schema_version":1,"values":{"arn":"arn:aws:ec2:us-east-1:115553109071:security-group/sg-0a7911d18f1197d4a","description":"Managed by Terraform","egress":[],"id":"sg-0a7911d18f1197d4a","ingress":[],"name":"terraform-20210620090014140900000001","name_prefix":"terraform-","owner_id":"115553109071","revoke_rules_on_delete":false,"tags":{},"tags_all":{},"timeouts":null,"vpc_id":"vpc-0259f6af3cb48fdde"}},{"address":"aws_security_group.unused","mode":"managed","type":"aws_security_group","name":"unused","provider_name":"registry.terraform.io/hashicorp/aws","schema_version":1,"values":{"arn":"arn:aws:ec2:us-east-1:115553109071:security-group/sg-0d3202222e43adbd3","description":"Managed by Terraform","egress":[],"id":"sg-0d3202222e43adbd3","ingress":[{"cidr_blocks":["0.0.0.0/0"],"description":null,"from_port":53,"ipv6_cidr_blocks":null,"prefix_list_ids":null,"protocol":"UDP","security_groups":null,"self":null,"to_port":53}],"name":"Unused security group","name_prefix":"","owner_id":"115553109071","revoke_rules_on_delete":false,"tags":{},"tags_all":{},"timeouts":null,"vpc_id":"vpc-0259f6af3cb48fdde"}},{"address":"aws_subnet.nondefault_1","mode":"managed","type":"aws_subnet","name":"nondefault_1","provider_name":"registry.terraform.io/hashicorp/aws","schema_version":1,"values":{"arn":"arn:aws:ec2:us-east-1:115553109071:subnet/subnet-07a9018968eff1892","assign_ipv6_address_on_creation":false,"availability_zone":"us-east-1a","availability_zone_id":"use1-az1","cidr_block":"10.1.1.128/25","customer_owned_ipv4_pool":"","id":"subnet-07a9018968eff1892","ipv6_cidr_block":"","ipv6_cidr_block_association_id":"","map_customer_owned_ip_on_launch":false,"map_public_ip_on_launch":false,"outpost_arn":"","owner_id":"115553109071","tags":{},"tags_all":{},"timeouts":null,"vpc_id":"vpc-0259f6af3cb48fdde"}},{"address":"aws_subnet.nondefault_2","mode":"managed","type":"aws_subnet","name":"nondefault_2","provider_name":"registry.terraform.io/hashicorp/aws","schema_version":1,"values":{"arn":"arn:aws:ec2:us-east-1:115553109071:subnet/subnet-03b9214cc93aed32b","assign_ipv6_address_on_creation":false,"availability_zone":"us-east-1b","availability_zone_id":"use1-az2","cidr_block":"10.1.1.0/25","customer_owned_ipv4_pool":"","id":"subnet-03b9214cc93aed32b","ipv6_cidr_block":"","ipv6_cidr_block_association_id":"","map_customer_owned_ip_on_launch":false,"map_public_ip_on_launch":false,"outpost_arn":"","owner_id":"115553109071","tags":{},"tags_all":{},"timeouts":null,"vpc_id":"vpc-0259f6af3cb48fdde"}},{"address":"aws_vpc.nondefault","mode":"managed","type":"aws_vpc","name":"nondefault","provider_name":"registry.terraform.io/hashicorp/aws","schema_version":1,"values":{"arn":"arn:aws:ec2:us-east-1:115553109071:vpc/vpc-0259f6af3cb48fdde","assign_generated_ipv6_cidr_block":false,"cidr_block":"10.1.1.0/24","default_network_acl_id":"acl-0a996916e0e616363","default_route_table_id":"rtb-0dcefd689471915fb","default_security_group_id":"sg-082e2c9d17b41355f","dhcp_options_id":"dopt-3045214a","enable_classiclink":false,"enable_classiclink_dns_support":false,"enable_dns_hostnames":false,"enable_dns_support":true,"id":"vpc-0259f6af3cb48fdde","instance_tenancy":"default","ipv6_association_id":"","ipv6_cidr_block":"","main_route_table_id":"rtb-0dcefd689471915fb","owner_id":"115553109071","tags":{},"tags_all":{}}}]}},"resource_changes":[{"address":"aws_db_subnet_group.nondefault","mode":"managed","type":"aws_db_subnet_group","name":"nondefault","provider_name":"registry.terraform.io/hashicorp/aws","change":{"actions":["no-op"],"before":{"arn":"arn:aws:rds:us-east-1:115553109071:subgrp:nondefault","description":"Managed by Terraform","id":"nondefault","name":"nondefault","name_prefix":null,"subnet_ids":["subnet-03b9214cc93aed32b","subnet-07a9018968eff1892"],"tags":{},"tags_all":{}},"after":{"arn":"arn:aws:rds:us-east-1:115553109071:subgrp:nondefault","description":"Managed by Terraform","id":"nondefault","name":"nondefault","name_prefix":null,"subnet_ids":["subnet-03b9214cc93aed32b","subnet-07a9018968eff1892"],"tags":{},"tags_all":{}},"after_unknown":{}}},{"address":"aws_elasticsearch_domain.test","mode":"managed","type":"aws_elasticsearch_domain","name":"test","provider_name":"registry.terraform.io/hashicorp/aws","change":{"actions":["update"],"before":{"access_policies":null,"advanced_options":{"rest.action.multi.allow_explicit_index":"true"},"advanced_security_options":[{"enabled":false,"internal_user_database_enabled":false,"master_user_options":[]}],"arn":"arn:aws:es:us-east-1:115553109071:domain/test","cluster_config":[{"dedicated_master_count":0,"dedicated_master_enabled":false,"dedicated_master_type":"","instance_count":1,"instance_type":"m4.large.elasticsearch","warm_count":0,"warm_enabled":false,"warm_type":"","zone_awareness_config":[],"zone_awareness_enabled":false}],"cognito_options":[{"enabled":false,"identity_pool_id":"","role_arn":"","user_pool_id":""}],"domain_endpoint_options":[{"custom_endpoint":"","custom_endpoint_certificate_arn":"","custom_endpoint_enabled":false,"enforce_https":false,"tls_security_policy":"Policy-Min-TLS-1-0-2019-07"}],"domain_id":"115553109071/test","domain_name":"test","ebs_options":[{"ebs_enabled":true,"iops":0,"volume_size":10,"volume_type":"gp2"}],"elasticsearch_version":"1.5","encrypt_at_rest":[{"enabled":false,"kms_key_id":""}],"endpoint":"vpc-test-cunk2xhedm6vau3gwomfatjv7e.us-east-1.es.amazonaws.com","id":"arn:aws:es:us-east-1:115553109071:domain/test","kibana_endpoint":"vpc-test-cunk2xhedm6vau3gwomfatjv7e.us-east-1.es.amazonaws.com/_plugin/kibana/","log_publishing_options":[],"node_to_node_encryption":[{"enabled":false}],"snapshot_options":[{"automated_snapshot_start_hour":0}],"tags":{},"tags_all":{},"timeouts":null,"vpc_options":[{"availability_zones":["us-east-1a"],"security_group_ids":["sg-0a7911d18f1197d4a"],"subnet_ids":["subnet-07a9018968eff1892"],"vpc_id":"vpc-0259f6af3cb48fdde"}]},"after":{"access_policies":null,"advanced_options":{"rest.action.multi.allow_explicit_index":"true"},"advanced_security_options":[],"arn":"arn:aws:es:us-east-1:115553109071:domain/test","cluster_config":[],"cognito_options":[],"domain_endpoint_options":[],"domain_id":"115553109071/test","domain_name":"test","ebs_options":[{"ebs_enabled":true,"iops":null,"volume_size":10,"volume_type":"gp2"}],"elasticsearch_version":"1.5","encrypt_at_rest":[],"endpoint":"vpc-test-cunk2xhedm6vau3gwomfatjv7e.us-east-1.es.amazonaws.com","id":"arn:aws:es:us-east-1:115553109071:domain/test","kibana_endpoint":"vpc-test-cunk2xhedm6vau3gwomfatjv7e.us-east-1.es.amazonaws.com/_plugin/kibana/","log_publishing_options":[],"node_to_node_encryption":[],"snapshot_options":[],"tags":{},"tags_all":{},"timeouts":null,"vpc_options":[{"availability_zones":["us-east-1a"],"security_group_ids":["sg-0a7911d18f1197d4a"],"subnet_ids":["subnet-07a9018968eff1892"],"vpc_id":"vpc-0259f6af3cb48fdde"}]},"after_unknown":{}}},{"address":"aws_iam_service_linked_role.es","mode":"managed","type":"aws_iam_service_linked_role","name":"es","provider_name":"registry.terraform.io/hashicorp/aws","change":{"actions":["create"],"before":null,"after":{"aws_service_name":"es.amazonaws.com","custom_suffix":null,"description":"Allows Amazon ES to manage AWS resources for a domain on your behalf."},"after_unknown":{"arn":true,"create_date":true,"id":true,"name":true,"path":true,"unique_id":true}}},{"address":"aws_security_group.nondefault","mode":"managed","type":"aws_security_group","name":"nondefault","provider_name":"registry.terraform.io/hashicorp/aws","change":{"actions":["no-op"],"before":{"arn":"arn:aws:ec2:us-east-1:115553109071:security-group/sg-0a7911d18f1197d4a","description":"Managed by Terraform","egress":[],"id":"sg-0a7911d18f1197d4a","ingress":[],"name":"terraform-20210620090014140900000001","name_prefix":"terraform-","owner_id":"115553109071","revoke_rules_on_delete":false,"tags":{},"tags_all":{},"timeouts":null,"vpc_id":"vpc-0259f6af3cb48fdde"},"after":{"arn":"arn:aws:ec2:us-east-1:115553109071:security-group/sg-0a7911d18f1197d4a","description":"Managed by Terraform","egress":[],"id":"sg-0a7911d18f1197d4a","ingress":[],"name":"terraform-20210620090014140900000001","name_prefix":"terraform-","owner_id":"115553109071","revoke_rules_on_delete":false,"tags":{},"tags_all":{},"timeouts":null,"vpc_id":"vpc-0259f6af3cb48fdde"},"after_unknown":{}}},{"address":"aws_security_group.unused","mode":"managed","type":"aws_security_group","name":"unused","provider_name":"registry.terraform.io/hashicorp/aws","change":{"actions":["update"],"before":{"arn":"arn:aws:ec2:us-east-1:115553109071:security-group/sg-0d3202222e43adbd3","description":"Managed by Terraform","egress":[],"id":"sg-0d3202222e43adbd3","ingress":[{"cidr_blocks":["0.0.0.0/0"],"description":"","from_port":53,"ipv6_cidr_blocks":[],"prefix_list_ids":[],"protocol":"udp","security_groups":[],"self":false,"to_port":53}],"name":"Unused security group","name_prefix":"","owner_id":"115553109071","revoke_rules_on_delete":false,"tags":{},"tags_all":{},"timeouts":null,"vpc_id":"vpc-0259f6af3cb48fdde"},"after":{"arn":"arn:aws:ec2:us-east-1:115553109071:security-group/sg-0d3202222e43adbd3","description":"Managed by Terraform","egress":[],"id":"sg-0d3202222e43adbd3","ingress":[{"cidr_blocks":["0.0.0.0/0"],"description":null,"from_port":53,"ipv6_cidr_blocks":null,"prefix_list_ids":null,"protocol":"UDP","security_groups":null,"self":null,"to_port":53}],"name":"Unused security group","name_prefix":"","owner_id":"115553109071","revoke_rules_on_delete":false,"tags":{},"tags_all":{},"timeouts":null,"vpc_id":"vpc-0259f6af3cb48fdde"},"after_unknown":{}}},{"address":"aws_subnet.nondefault_1","mode":"managed","type":"aws_subnet","name":"nondefault_1","provider_name":"registry.terraform.io/hashicorp/aws","change":{"actions":["no-op"],"before":{"arn":"arn:aws:ec2:us-east-1:115553109071:subnet/subnet-07a9018968eff1892","assign_ipv6_address_on_creation":false,"availability_zone":"us-east-1a","availability_zone_id":"use1-az1","cidr_block":"10.1.1.128/25","customer_owned_ipv4_pool":"","id":"subnet-07a9018968eff1892","ipv6_cidr_block":"","ipv6_cidr_block_association_id":"","map_customer_owned_ip_on_launch":false,"map_public_ip_on_launch":false,"outpost_arn":"","owner_id":"115553109071","tags":{},"tags_all":{},"timeouts":null,"vpc_id":"vpc-0259f6af3cb48fdde"},"after":{"arn":"arn:aws:ec2:us-east-1:115553109071:subnet/subnet-07a9018968eff1892","assign_ipv6_address_on_creation":false,"availability_zone":"us-east-1a","availability_zone_id":"use1-az1","cidr_block":"10.1.1.128/25","customer_owned_ipv4_pool":"","id":"subnet-07a9018968eff1892","ipv6_cidr_block":"","ipv6_cidr_block_association_id":"","map_customer_owned_ip_on_launch":false,"map_public_ip_on_launch":false,"outpost_arn":"","owner_id":"115553109071","tags":{},"tags_all":{},"timeouts":null,"vpc_id":"vpc-0259f6af3cb48fdde"},"after_unknown":{}}},{"address":"aws_subnet.nondefault_2","mode":"managed","type":"aws_subnet","name":"nondefault_2","provider_name":"registry.terraform.io/hashicorp/aws","change":{"actions":["no-op"],"before":{"arn":"arn:aws:ec2:us-east-1:115553109071:subnet/subnet-03b9214cc93aed32b","assign_ipv6_address_on_creation":false,"availability_zone":"us-east-1b","availability_zone_id":"use1-az2","cidr_block":"10.1.1.0/25","customer_owned_ipv4_pool":"","id":"subnet-03b9214cc93aed32b","ipv6_cidr_block":"","ipv6_cidr_block_association_id":"","map_customer_owned_ip_on_launch":false,"map_public_ip_on_launch":false,"outpost_arn":"","owner_id":"115553109071","tags":{},"tags_all":{},"timeouts":null,"vpc_id":"vpc-0259f6af3cb48fdde"},"after":{"arn":"arn:aws:ec2:us-east-1:115553109071:subnet/subnet-03b9214cc93aed32b","assign_ipv6_address_on_creation":false,"availability_zone":"us-east-1b","availability_zone_id":"use1-az2","cidr_block":"10.1.1.0/25","customer_owned_ipv4_pool":"","id":"subnet-03b9214cc93aed32b","ipv6_cidr_block":"","ipv6_cidr_block_association_id":"","map_customer_owned_ip_on_launch":false,"map_public_ip_on_launch":false,"outpost_arn":"","owner_id":"115553109071","tags":{},"tags_all":{},"timeouts":null,"vpc_id":"vpc-0259f6af3cb48fdde"},"after_unknown":{}}},{"address":"aws_vpc.nondefault","mode":"managed","type":"aws_vpc","name":"nondefault","provider_name":"registry.terraform.io/hashicorp/aws","change":{"actions":["no-op"],"before":{"arn":"arn:aws:ec2:us-east-1:115553109071:vpc/vpc-0259f6af3cb48fdde","assign_generated_ipv6_cidr_block":false,"cidr_block":"10.1.1.0/24","default_network_acl_id":"acl-0a996916e0e616363","default_route_table_id":"rtb-0dcefd689471915fb","default_security_group_id":"sg-082e2c9d17b41355f","dhcp_options_id":"dopt-3045214a","enable_classiclink":false,"enable_classiclink_dns_support":false,"enable_dns_hostnames":false,"enable_dns_support":true,"id":"vpc-0259f6af3cb48fdde","instance_tenancy":"default","ipv6_association_id":"","ipv6_cidr_block":"","main_route_table_id":"rtb-0dcefd689471915fb","owner_id":"115553109071","tags":{},"tags_all":{}},"after":{"arn":"arn:aws:ec2:us-east-1:115553109071:vpc/vpc-0259f6af3cb48fdde","assign_generated_ipv6_cidr_block":false,"cidr_block":"10.1.1.0/24","default_network_acl_id":"acl-0a996916e0e616363","default_route_table_id":"rtb-0dcefd689471915fb","default_security_group_id":"sg-082e2c9d17b41355f","dhcp_options_id":"dopt-3045214a","enable_classiclink":false,"enable_classiclink_dns_support":false,"enable_dns_hostnames":false,"enable_dns_support":true,"id":"vpc-0259f6af3cb48fdde","instance_tenancy":"default","ipv6_association_id":"","ipv6_cidr_block":"","main_route_table_id":"rtb-0dcefd689471915fb","owner_id":"115553109071","tags":{},"tags_all":{}},"after_unknown":{}}}],"prior_state":{"format_version":"0.1","terraform_version":"0.13.4","values":{"root_module":{"resources":[{"address":"aws_db_subnet_group.nondefault","mode":"managed","type":"aws_db_subnet_group","name":"nondefault","provider_name":"registry.terraform.io/hashicorp/aws","schema_version":0,"values":{"arn":"arn:aws:rds:us-east-1:115553109071:subgrp:nondefault","description":"Managed by Terraform","id":"nondefault","name":"nondefault","name_prefix":null,"subnet_ids":["subnet-03b9214cc93aed32b","subnet-07a9018968eff1892"],"tags":{},"tags_all":{}},"depends_on":["aws_subnet.nondefault_1","aws_subnet.nondefault_2","aws_vpc.nondefault"]},{"address":"aws_elasticsearch_domain.test","mode":"managed","type":"aws_elasticsearch_domain","name":"test","provider_name":"registry.terraform.io/hashicorp/aws","schema_version":0,"values":{"access_policies":null,"advanced_options":{"rest.action.multi.allow_explicit_index":"true"},"advanced_security_options":[{"enabled":false,"internal_user_database_enabled":false,"master_user_options":[]}],"arn":"arn:aws:es:us-east-1:115553109071:domain/test","cluster_config":[{"dedicated_master_count":0,"dedicated_master_enabled":false,"dedicated_master_type":"","instance_count":1,"instance_type":"m4.large.elasticsearch","warm_count":0,"warm_enabled":false,"warm_type":"","zone_awareness_config":[],"zone_awareness_enabled":false}],"cognito_options":[{"enabled":false,"identity_pool_id":"","role_arn":"","user_pool_id":""}],"domain_endpoint_options":[{"custom_endpoint":"","custom_endpoint_certificate_arn":"","custom_endpoint_enabled":false,"enforce_https":false,"tls_security_policy":"Policy-Min-TLS-1-0-2019-07"}],"domain_id":"115553109071/test","domain_name":"test","ebs_options":[{"ebs_enabled":true,"iops":0,"volume_size":10,"volume_type":"gp2"}],"elasticsearch_version":"1.5","encrypt_at_rest":[{"enabled":false,"kms_key_id":""}],"endpoint":"vpc-test-cunk2xhedm6vau3gwomfatjv7e.us-east-1.es.amazonaws.com","id":"arn:aws:es:us-east-1:115553109071:domain/test","kibana_endpoint":"vpc-test-cunk2xhedm6vau3gwomfatjv7e.us-east-1.es.amazonaws.com/_plugin/kibana/","log_publishing_options":[],"node_to_node_encryption":[{"enabled":false}],"snapshot_options":[{"automated_snapshot_start_hour":0}],"tags":{},"tags_all":{},"timeouts":null,"vpc_options":[{"availability_zones":["us-east-1a"],"security_group_ids":["sg-0a7911d18f1197d4a"],"subnet_ids":["subnet-07a9018968eff1892"],"vpc_id":"vpc-0259f6af3cb48fdde"}]},"depends_on":["aws_security_group.nondefault","aws_subnet.nondefault_1","aws_vpc.nondefault"]},{"address":"aws_security_group.nondefault","mode":"managed","type":"aws_security_group","name":"nondefault","provider_name":"registry.terraform.io/hashicorp/aws","schema_version":1,"values":{"arn":"arn:aws:ec2:us-east-1:115553109071:security-group/sg-0a7911d18f1197d4a","description":"Managed by Terraform","egress":[],"id":"sg-0a7911d18f1197d4a","ingress":[],"name":"terraform-20210620090014140900000001","name_prefix":"terraform-","owner_id":"115553109071","revoke_rules_on_delete":false,"tags":{},"tags_all":{},"timeouts":null,"vpc_id":"vpc-0259f6af3cb48fdde"},"depends_on":["aws_vpc.nondefault"]},{"address":"aws_security_group.unused","mode":"managed","type":"aws_security_group","name":"unused","provider_name":"registry.terraform.io/hashicorp/aws","schema_version":1,"values":{"arn":"arn:aws:ec2:us-east-1:115553109071:security-group/sg-0d3202222e43adbd3","description":"Managed by Terraform","egress":[],"id":"sg-0d3202222e43adbd3","ingress":[{"cidr_blocks":["0.0.0.0/0"],"description":"","from_port":53,"ipv6_cidr_blocks":[],"prefix_list_ids":[],"protocol":"udp","security_groups":[],"self":false,"to_port":53}],"name":"Unused security group","name_prefix":"","owner_id":"115553109071","revoke_rules_on_delete":false,"tags":{},"tags_all":{},"timeouts":null,"vpc_id":"vpc-0259f6af3cb48fdde"},"depends_on":["aws_vpc.nondefault"]},{"address":"aws_subnet.nondefault_1","mode":"managed","type":"aws_subnet","name":"nondefault_1","provider_name":"registry.terraform.io/hashicorp/aws","schema_version":1,"values":{"arn":"arn:aws:ec2:us-east-1:115553109071:subnet/subnet-07a9018968eff1892","assign_ipv6_address_on_creation":false,"availability_zone":"us-east-1a","availability_zone_id":"use1-az1","cidr_block":"10.1.1.128/25","customer_owned_ipv4_pool":"","id":"subnet-07a9018968eff1892","ipv6_cidr_block":"","ipv6_cidr_block_association_id":"","map_customer_owned_ip_on_launch":false,"map_public_ip_on_launch":false,"outpost_arn":"","owner_id":"115553109071","tags":{},"tags_all":{},"timeouts":null,"vpc_id":"vpc-0259f6af3cb48fdde"},"depends_on":["aws_vpc.nondefault"]},{"address":"aws_subnet.nondefault_2","mode":"managed","type":"aws_subnet","name":"nondefault_2","provider_name":"registry.terraform.io/hashicorp/aws","schema_version":1,"values":{"arn":"arn:aws:ec2:us-east-1:115553109071:subnet/subnet-03b9214cc93aed32b","assign_ipv6_address_on_creation":false,"availability_zone":"us-east-1b","availability_zone_id":"use1-az2","cidr_block":"10.1.1.0/25","customer_owned_ipv4_pool":"","id":"subnet-03b9214cc93aed32b","ipv6_cidr_block":"","ipv6_cidr_block_association_id":"","map_customer_owned_ip_on_launch":false,"map_public_ip_on_launch":false,"outpost_arn":"","owner_id":"115553109071","tags":{},"tags_all":{},"timeouts":null,"vpc_id":"vpc-0259f6af3cb48fdde"},"depends_on":["aws_vpc.nondefault"]},{"address":"aws_vpc.nondefault","mode":"managed","type":"aws_vpc","name":"nondefault","provider_name":"registry.terraform.io/hashicorp/aws","schema_version":1,"values":{"arn":"arn:aws:ec2:us-east-1:115553109071:vpc/vpc-0259f6af3cb48fdde","assign_generated_ipv6_cidr_block":false,"cidr_block":"10.1.1.0/24","default_network_acl_id":"acl-0a996916e0e616363","default_route_table_id":"rtb-0dcefd689471915fb","default_security_group_id":"sg-082e2c9d17b41355f","dhcp_options_id":"dopt-3045214a","enable_classiclink":false,"enable_classiclink_dns_support":false,"enable_dns_hostnames":false,"enable_dns_support":true,"id":"vpc-0259f6af3cb48fdde","instance_tenancy":"default","ipv6_association_id":"","ipv6_cidr_block":"","main_route_table_id":"rtb-0dcefd689471915fb","owner_id":"115553109071","tags":{},"tags_all":{}}}]}}},"configuration":{"provider_config":{"aws":{"name":"aws","expressions":{"region":{"constant_value":"us-east-1"}}}},"root_module":{"resources":[{"address":"aws_db_subnet_group.nondefault","mode":"managed","type":"aws_db_subnet_group","name":"nondefault","provider_config_key":"aws","expressions":{"name":{"constant_value":"nondefault"},"subnet_ids":{"references":["aws_subnet.nondefault_1","aws_subnet.nondefault_2"]}},"schema_version":0,"raw_data":{"FileName":"main.tf","StartLine":25,"EndLine":29}},{"address":"aws_elasticsearch_domain.test","mode":"managed","type":"aws_elasticsearch_domain","name":"test","provider_config_key":"aws","expressions":{"domain_name":{"constant_value":"test"},"ebs_options":[{"ebs_enabled":{"constant_value":true},"volume_size":{"constant_value":10},"volume_type":{"constant_value":"gp2"}}],"vpc_options":[{"security_group_ids":{"references":["aws_security_group.nondefault"]},"subnet_ids":{"references":["aws_subnet.nondefault_1"]}}]},"schema_version":0,"raw_data":{"FileName":"main.tf","StartLine":36,"EndLine":49}},{"address":"aws_iam_service_linked_role.es","mode":"managed","type":"aws_iam_service_linked_role","name":"es","provider_config_key":"aws","expressions":{"aws_service_name":{"constant_value":"es.amazonaws.com"},"description":{"constant_value":"Allows Amazon ES to manage AWS resources for a domain on your behalf."}},"schema_version":0,"raw_data":{"FileName":"main.tf","StartLine":31,"EndLine":34}},{"address":"aws_security_group.nondefault","mode":"managed","type":"aws_security_group","name":"nondefault","provider_config_key":"aws","expressions":{"vpc_id":{"references":["aws_vpc.nondefault"]}},"schema_version":1,"raw_data":{"FileName":"main.tf","StartLine":9,"EndLine":11}},{"address":"aws_security_group.unused","mode":"managed","type":"aws_security_group","name":"unused","provider_config_key":"aws","expressions":{"name":{"constant_value":"Unused security group"},"vpc_id":{"references":["aws_vpc.nondefault"]}},"schema_version":1,"raw_data":{"FileName":"main.tf","StartLine":52,"EndLine":62}},{"address":"aws_subnet.nondefault_1","mode":"managed","type":"aws_subnet","name":"nondefault_1","provider_config_key":"aws","expressions":{"availability_zone":{"constant_value":"us-east-1a"},"cidr_block":{"constant_value":"10.1.1.128/25"},"vpc_id":{"references":["aws_vpc.nondefault"]}},"schema_version":1,"raw_data":{"FileName":"main.tf","StartLine":13,"EndLine":17}},{"address":"aws_subnet.nondefault_2","mode":"managed","type":"aws_subnet","name":"nondefault_2","provider_config_key":"aws","expressions":{"availability_zone":{"constant_value":"us-east-1b"},"cidr_block":{"constant_value":"10.1.1.0/25"},"vpc_id":{"references":["aws_vpc.nondefault"]}},"schema_version":1,"raw_data":{"FileName":"main.tf","StartLine":19,"EndLine":23}},{"address":"aws_vpc.nondefault","mode":"managed","type":"aws_vpc","name":"nondefault","provider_config_key":"aws","expressions":{"cidr_block":{"constant_value":"10.1.1.0/24"}},"schema_version":1,"raw_data":{"FileName":"main.tf","StartLine":5,"EndLine":7}}]}}}
