{"format_version":"0.1","terraform_version":"0.14.6","planned_values":{"root_module":{"resources":[{"address":"google_binary_authorization_attestor.attestor","mode":"managed","type":"google_binary_authorization_attestor","name":"attestor","provider_name":"registry.terraform.io/hashicorp/google","schema_version":0,"values":{"attestation_authority_note":[{"note_reference":"test-attestor-note","public_keys":[]}],"description":null,"name":"test-attestor","timeouts":null}},{"address":"google_binary_authorization_policy.policy","mode":"managed","type":"google_binary_authorization_policy","name":"policy","provider_name":"registry.terraform.io/hashicorp/google","schema_version":0,"values":{"admission_whitelist_patterns":[],"cluster_admission_rules":[{"cluster":"us-west1-a.gke-cluster-007","enforcement_mode":"ENFORCED_BLOCK_AND_AUDIT_LOG","evaluation_mode":"REQUIRE_ATTESTATION","require_attestations_by":["test-attestor"]}],"default_admission_rule":[{"enforcement_mode":"ENFORCED_BLOCK_AND_AUDIT_LOG","evaluation_mode":"ALWAYS_DENY","require_attestations_by":null}],"description":null,"timeouts":null}},{"address":"google_container_analysis_note.note","mode":"managed","type":"google_container_analysis_note","name":"note","provider_name":"registry.terraform.io/hashicorp/google","schema_version":0,"values":{"attestation_authority":[{"hint":[{"human_readable_name":"My attestor"}]}],"expiration_time":null,"long_description":null,"name":"test-attestor-note","related_note_names":null,"related_url":[],"short_description":null,"timeouts":null}},{"address":"google_container_cluster.cluster7","mode":"managed","type":"google_container_cluster","name":"cluster7","provider_name":"registry.terraform.io/hashicorp/google","schema_version":1,"values":{"description":null,"enable_autopilot":null,"enable_binary_authorization":true,"enable_kubernetes_alpha":false,"enable_legacy_abac":false,"enable_shielded_nodes":true,"enable_tpu":null,"initial_node_count":3,"location":"us-west1-a","maintenance_policy":[],"master_authorized_networks_config":[],"min_master_version":null,"name":"gke-cluster-007","network":"default","private_cluster_config":[],"remove_default_node_pool":null,"resource_labels":null,"resource_usage_export_config":[],"timeouts":null,"vertical_pod_autoscaling":[]}}]}},"resource_changes":[{"address":"google_binary_authorization_attestor.attestor","mode":"managed","type":"google_binary_authorization_attestor","name":"attestor","provider_name":"registry.terraform.io/hashicorp/google","change":{"actions":["create"],"before":null,"after":{"attestation_authority_note":[{"note_reference":"test-attestor-note","public_keys":[]}],"description":null,"name":"test-attestor","timeouts":null},"after_unknown":{"attestation_authority_note":[{"delegation_service_account_email":true,"public_keys":[]}],"id":true,"project":true}}},{"address":"google_binary_authorization_policy.policy","mode":"managed","type":"google_binary_authorization_policy","name":"policy","provider_name":"registry.terraform.io/hashicorp/google","change":{"actions":["create"],"before":null,"after":{"admission_whitelist_patterns":[],"cluster_admission_rules":[{"cluster":"us-west1-a.gke-cluster-007","enforcement_mode":"ENFORCED_BLOCK_AND_AUDIT_LOG","evaluation_mode":"REQUIRE_ATTESTATION","require_attestations_by":["test-attestor"]}],"default_admission_rule":[{"enforcement_mode":"ENFORCED_BLOCK_AND_AUDIT_LOG","evaluation_mode":"ALWAYS_DENY","require_attestations_by":null}],"description":null,"timeouts":null},"after_unknown":{"admission_whitelist_patterns":[],"cluster_admission_rules":[{"require_attestations_by":[false]}],"default_admission_rule":[{}],"global_policy_evaluation_mode":true,"id":true,"project":true}}},{"address":"google_container_analysis_note.note","mode":"managed","type":"google_container_analysis_note","name":"note","provider_name":"registry.terraform.io/hashicorp/google","change":{"actions":["create"],"before":null,"after":{"attestation_authority":[{"hint":[{"human_readable_name":"My attestor"}]}],"expiration_time":null,"long_description":null,"name":"test-attestor-note","related_note_names":null,"related_url":[],"short_description":null,"timeouts":null},"after_unknown":{"attestation_authority":[{"hint":[{}]}],"create_time":true,"id":true,"kind":true,"project":true,"related_url":[],"update_time":true}}},{"address":"google_container_cluster.cluster7","mode":"managed","type":"google_container_cluster","name":"cluster7","provider_name":"registry.terraform.io/hashicorp/google","change":{"actions":["create"],"before":null,"after":{"description":null,"enable_autopilot":null,"enable_binary_authorization":true,"enable_kubernetes_alpha":false,"enable_legacy_abac":false,"enable_shielded_nodes":true,"enable_tpu":null,"initial_node_count":3,"location":"us-west1-a","maintenance_policy":[],"master_authorized_networks_config":[],"min_master_version":null,"name":"gke-cluster-007","network":"default","private_cluster_config":[],"remove_default_node_pool":null,"resource_labels":null,"resource_usage_export_config":[],"timeouts":null,"vertical_pod_autoscaling":[]},"after_unknown":{"addons_config":true,"authenticator_groups_config":true,"cluster_autoscaling":true,"cluster_ipv4_cidr":true,"confidential_nodes":true,"database_encryption":true,"datapath_provider":true,"default_max_pods_per_node":true,"default_snat_status":true,"enable_intranode_visibility":true,"endpoint":true,"id":true,"ip_allocation_policy":true,"label_fingerprint":true,"logging_config":true,"logging_service":true,"maintenance_policy":[],"master_auth":true,"master_authorized_networks_config":[],"master_version":true,"monitoring_config":true,"monitoring_service":true,"network_policy":true,"networking_mode":true,"node_config":true,"node_locations":true,"node_pool":true,"node_version":true,"operation":true,"private_cluster_config":[],"private_ipv6_google_access":true,"project":true,"release_channel":true,"resource_usage_export_config":[],"self_link":true,"services_ipv4_cidr":true,"subnetwork":true,"tpu_ipv4_cidr_block":true,"vertical_pod_autoscaling":[],"workload_identity_config":true}}}],"configuration":{"provider_config":{"google":{"name":"google","expressions":{"project":{"constant_value":"dev-for-tests"},"region":{"constant_value":"us-west1"}}}},"root_module":{"resources":[{"address":"google_binary_authorization_attestor.attestor","mode":"managed","type":"google_binary_authorization_attestor","name":"attestor","provider_config_key":"google","expressions":{"attestation_authority_note":[{"note_reference":{"references":["google_container_analysis_note.note"]}}],"name":{"constant_value":"test-attestor"}},"schema_version":0,"raw_data":{"FileName":"main.tf","StartLine":29,"EndLine":34}},{"address":"google_binary_authorization_policy.policy","mode":"managed","type":"google_binary_authorization_policy","name":"policy","provider_config_key":"google","expressions":{"cluster_admission_rules":[{"cluster":{"constant_value":"us-west1-a.gke-cluster-007"},"enforcement_mode":{"constant_value":"ENFORCED_BLOCK_AND_AUDIT_LOG"},"evaluation_mode":{"constant_value":"REQUIRE_ATTESTATION"},"require_attestations_by":{"references":["google_binary_authorization_attestor.attestor"]}}],"default_admission_rule":[{"enforcement_mode":{"constant_value":"ENFORCED_BLOCK_AND_AUDIT_LOG"},"evaluation_mode":{"constant_value":"ALWAYS_DENY"}}]},"schema_version":0,"raw_data":{"FileName":"main.tf","StartLine":6,"EndLine":18}},{"address":"google_container_analysis_note.note","mode":"managed","type":"google_container_analysis_note","name":"note","provider_config_key":"google","expressions":{"attestation_authority":[{"hint":[{"human_readable_name":{"constant_value":"My attestor"}}]}],"name":{"constant_value":"test-attestor-note"}},"schema_version":0,"raw_data":{"FileName":"main.tf","StartLine":20,"EndLine":27}},{"address":"google_container_cluster.cluster7","mode":"managed","type":"google_container_cluster","name":"cluster7","provider_config_key":"google","expressions":{"enable_binary_authorization":{"constant_value":true},"initial_node_count":{"constant_value":3},"location":{"constant_value":"us-west1-a"},"name":{"constant_value":"gke-cluster-007"}},"schema_version":1,"raw_data":{"FileName":"main.tf","StartLine":36,"EndLine":41}}]}}}
