{"format_version":"0.1","terraform_version":"0.14.6","planned_values":{"root_module":{"resources":[{"address":"azurerm_logic_app_workflow.workflow","mode":"managed","type":"azurerm_logic_app_workflow","name":"workflow","provider_name":"registry.terraform.io/hashicorp/azurerm","schema_version":0,"values":{"access_control":[],"enabled":true,"identity":[],"integration_service_environment_id":null,"location":"westeurope","logic_app_integration_account_id":null,"name":"cr2389-workflow","parameters":null,"resource_group_name":"cr2389-RG","tags":null,"timeouts":null,"workflow_parameters":null,"workflow_schema":"https://schema.management.azure.com/providers/Microsoft.Logic/schemas/2016-06-01/workflowdefinition.json#","workflow_version":"1.0.0.0"}},{"address":"azurerm_resource_group.rg","mode":"managed","type":"azurerm_resource_group","name":"rg","provider_name":"registry.terraform.io/hashicorp/azurerm","schema_version":0,"values":{"location":"westeurope","name":"cr2389-RG","tags":null,"timeouts":null}}]}},"resource_changes":[{"address":"azurerm_logic_app_workflow.workflow","mode":"managed","type":"azurerm_logic_app_workflow","name":"workflow","provider_name":"registry.terraform.io/hashicorp/azurerm","change":{"actions":["create"],"before":null,"after":{"access_control":[],"enabled":true,"identity":[],"integration_service_environment_id":null,"location":"westeurope","logic_app_integration_account_id":null,"name":"cr2389-workflow","parameters":null,"resource_group_name":"cr2389-RG","tags":null,"timeouts":null,"workflow_parameters":null,"workflow_schema":"https://schema.management.azure.com/providers/Microsoft.Logic/schemas/2016-06-01/workflowdefinition.json#","workflow_version":"1.0.0.0"},"after_unknown":{"access_control":[],"access_endpoint":true,"connector_endpoint_ip_addresses":true,"connector_outbound_ip_addresses":true,"id":true,"identity":[],"workflow_endpoint_ip_addresses":true,"workflow_outbound_ip_addresses":true}}},{"address":"azurerm_resource_group.rg","mode":"managed","type":"azurerm_resource_group","name":"rg","provider_name":"registry.terraform.io/hashicorp/azurerm","change":{"actions":["create"],"before":null,"after":{"location":"westeurope","name":"cr2389-RG","tags":null,"timeouts":null},"after_unknown":{"id":true}}}],"configuration":{"provider_config":{"azurerm":{"name":"azurerm","expressions":{"features":[{}]}}},"root_module":{"resources":[{"address":"azurerm_logic_app_workflow.workflow","mode":"managed","type":"azurerm_logic_app_workflow","name":"workflow","provider_config_key":"azurerm","expressions":{"location":{"references":["azurerm_resource_group.rg"]},"name":{"references":["local.resource_prefix"]},"resource_group_name":{"references":["azurerm_resource_group.rg"]}},"schema_version":0,"raw_data":{"FileName":"main.tf","StartLine":15,"EndLine":19}},{"address":"azurerm_resource_group.rg","mode":"managed","type":"azurerm_resource_group","name":"rg","provider_config_key":"azurerm","expressions":{"location":{"constant_value":"West Europe"},"name":{"references":["local.resource_prefix"]}},"schema_version":0,"raw_data":{"FileName":"main.tf","StartLine":10,"EndLine":13}}]}}}
