{"format_version":"0.1","terraform_version":"0.13.4","planned_values":{"root_module":{"resources":[{"address":"aws_vpc.east","mode":"managed","type":"aws_vpc","name":"east","provider_name":"registry.terraform.io/hashicorp/aws","schema_version":1,"values":{"assign_generated_ipv6_cidr_block":false,"cidr_block":"172.27.0.0/16","enable_dns_support":true,"instance_tenancy":"default","tags":{"Name":"us-east-1"},"tags_all":{"Name":"us-east-1"}}},{"address":"aws_vpc.west","mode":"managed","type":"aws_vpc","name":"west","provider_name":"registry.terraform.io/hashicorp/aws","schema_version":1,"values":{"assign_generated_ipv6_cidr_block":false,"cidr_block":"172.27.0.0/16","enable_dns_support":true,"instance_tenancy":"default","tags":{"Name":"us-west-1"},"tags_all":{"Name":"us-west-1"}}}]}},"resource_changes":[{"address":"aws_vpc.east","mode":"managed","type":"aws_vpc","name":"east","provider_name":"registry.terraform.io/hashicorp/aws","change":{"actions":["create"],"before":null,"after":{"assign_generated_ipv6_cidr_block":false,"cidr_block":"172.27.0.0/16","enable_dns_support":true,"instance_tenancy":"default","tags":{"Name":"us-east-1"},"tags_all":{"Name":"us-east-1"}},"after_unknown":{"arn":true,"default_network_acl_id":true,"default_route_table_id":true,"default_security_group_id":true,"dhcp_options_id":true,"enable_classiclink":true,"enable_classiclink_dns_support":true,"enable_dns_hostnames":true,"id":true,"ipv6_association_id":true,"ipv6_cidr_block":true,"main_route_table_id":true,"owner_id":true,"tags":{},"tags_all":{}}}},{"address":"aws_vpc.west","mode":"managed","type":"aws_vpc","name":"west","provider_name":"registry.terraform.io/hashicorp/aws","change":{"actions":["create"],"before":null,"after":{"assign_generated_ipv6_cidr_block":false,"cidr_block":"172.27.0.0/16","enable_dns_support":true,"instance_tenancy":"default","tags":{"Name":"us-west-1"},"tags_all":{"Name":"us-west-1"}},"after_unknown":{"arn":true,"default_network_acl_id":true,"default_route_table_id":true,"default_security_group_id":true,"dhcp_options_id":true,"enable_classiclink":true,"enable_classiclink_dns_support":true,"enable_dns_hostnames":true,"id":true,"ipv6_association_id":true,"ipv6_cidr_block":true,"main_route_table_id":true,"owner_id":true,"tags":{},"tags_all":{}}}}],"configuration":{"provider_config":{"aws":{"name":"aws","expressions":{"region":{"constant_value":"us-east-1"}}},"aws.west":{"name":"aws","alias":"west","expressions":{"region":{"constant_value":"us-west-1"}}}},"root_module":{"resources":[{"address":"aws_vpc.east","mode":"managed","type":"aws_vpc","name":"east","provider_config_key":"aws","expressions":{"cidr_block":{"constant_value":"172.27.0.0/16"},"tags":{"constant_value":{"Name":"us-east-1"}}},"schema_version":1,"raw_data":{"FileName":"vpc_us_east_1.tf","StartLine":5,"EndLine":10}},{"address":"aws_vpc.west","mode":"managed","type":"aws_vpc","name":"west","provider_config_key":"aws.west","expressions":{"cidr_block":{"constant_value":"172.27.0.0/16"},"tags":{"constant_value":{"Name":"us-west-1"}}},"schema_version":1,"raw_data":{"FileName":"vpc_us_west_2.tf","StartLine":6,"EndLine":12}}]}}}
