{"format_version":"0.1","terraform_version":"0.12.29","variables":{"availability_zones":{"value":["eu-west-1a","eu-west-1b"]},"desired_capacity":{"value":1},"ecs_aws_ami":{"value":"ami-95f8d2f3"},"environment":{"value":"acc"},"instance_type":{"value":"t2.micro"},"max_size":{"value":1},"min_size":{"value":1},"private_subnet_cidrs":{"value":["10.0.50.0/24","10.0.51.0/24"]},"public_subnet_cidrs":{"value":["10.0.0.0/24","10.0.1.0/24"]},"vpc_cidr":{"value":"10.0.0.0/16"}},"planned_values":{"outputs":{"alb_security_group_id":{"sensitive":false,"value":"module.ecs.module.alb.aws_security_group.alb.id"},"cidr_block":{"sensitive":false,"value":"10.0.0.0/16"},"default_alb_target_group":{"sensitive":false,"value":"module.ecs.module.alb.aws_alb_target_group.default.arn"},"depends_id":{"sensitive":false,"value":"module.ecs.module.network.null_resource.dummy_dependency.id"},"ecs_instance_security_group_id":{"sensitive":false,"value":"module.ecs.module.ecs_instances.aws_security_group.instance.id"},"id":{"sensitive":false,"value":"module.ecs.module.network.module.vpc.aws_vpc.vpc.id"},"ids":{"sensitive":false,"value":["module.ecs.module.network.module.nat.aws_nat_gateway.nat[0].id","module.ecs.module.network.module.nat.aws_nat_gateway.nat[1].id"]},"igw":{"sensitive":false,"value":"module.ecs.module.network.module.vpc.aws_internet_gateway.vpc.id"},"private_subnet_ids":{"sensitive":false,"value":["module.ecs.module.network.module.private_subnet.aws_subnet.subnet[0].id","module.ecs.module.network.module.private_subnet.aws_subnet.subnet[1].id"]},"public_subnet_ids":{"sensitive":false,"value":["module.ecs.module.network.module.public_subnet.aws_subnet.subnet[0].id","module.ecs.module.network.module.public_subnet.aws_subnet.subnet[1].id"]},"route_table_ids":{"sensitive":false,"value":["module.ecs.module.network.module.public_subnet.aws_route_table.subnet[0].id","module.ecs.module.network.module.public_subnet.aws_route_table.subnet[1].id"]},"vpc_cidr":{"sensitive":false,"value":"10.0.0.0/16"},"vpc_id":{"sensitive":false,"value":"module.ecs.module.network.module.vpc.aws_vpc.vpc.id"}},"root_module":{"resources":[{"address":"aws_key_pair.ecs","mode":"managed","type":"aws_key_pair","name":"ecs","provider_name":"aws","schema_version":1,"values":{"key_name":"ecs-key-acc","key_name_prefix":null,"public_key":"ssh-rsa AAAAB3NzaC1yc2EAAAADAQABAAABAQCtMljjj0Ccxux5Mssqraa/iHHxheW+m0Rh17fbd8t365y9EwBn00DN/0PjdU2CK6bjxwy8BNGXWoUXiSDDtGqRupH6e9J012yE5kxhpXnnkIcLGjkAiflDBVV4sXS4b3a2LSXL5Dyb93N2GdnJ03FJM4qDJ8lfDQxb38eYHytZkmxW14xLoyW5Hbyr3SXhdHC2/ecdp5nLNRwRWiW6g9OA6jTQ3LgeOZoM6dK4ltJUQOakKjiHsE+jvmO0hJYQN7+5gYOw0HHsM+zmATvSipAWzoWBWcmBxAbcdW0R0KvCwjylCyRVbRMRbSZ/c4idZbFLZXRb7ZJkqNJuy99+ld41 ecs@aws.fake","tags":null}}],"child_modules":[{"resources":[{"address":"module.ecs.aws_ecs_cluster.cluster","mode":"managed","type":"aws_ecs_cluster","name":"cluster","provider_name":"aws","schema_version":0,"values":{"capacity_providers":null,"default_capacity_provider_strategy":[],"name":"acc","tags":null}},{"address":"module.ecs.aws_iam_instance_profile.ecs","mode":"managed","type":"aws_iam_instance_profile","name":"ecs","provider_name":"aws","schema_version":0,"values":{"name":"acc_ecs_instance_profile","name_prefix":null,"path":"/","role":"acc_ecs_instance_role"}},{"address":"module.ecs.aws_iam_role.ecs_instance_role","mode":"managed","type":"aws_iam_role","name":"ecs_instance_role","provider_name":"aws","schema_version":0,"values":{"assume_role_policy":"{\n  \"Version\": \"2008-10-17\",\n  \"Statement\": [\n    {\n      \"Action\": \"sts:AssumeRole\",\n      \"Principal\": {\n        \"Service\": [\"ec2.amazonaws.com\"]\n      },\n      \"Effect\": \"Allow\"\n    }\n  ]\n}\n","description":null,"force_detach_policies":false,"max_session_duration":3600,"name":"acc_ecs_instance_role","name_prefix":null,"path":"/","permissions_boundary":null,"tags":null}},{"address":"module.ecs.aws_iam_role.ecs_lb_role","mode":"managed","type":"aws_iam_role","name":"ecs_lb_role","provider_name":"aws","schema_version":0,"values":{"assume_role_policy":"{\n  \"Version\": \"2008-10-17\",\n  \"Statement\": [\n    {\n      \"Action\": \"sts:AssumeRole\",\n      \"Principal\": {\n        \"Service\": [\"ecs.amazonaws.com\"]\n      },\n      \"Effect\": \"Allow\"\n    }\n  ]\n}\n","description":null,"force_detach_policies":false,"max_session_duration":3600,"name":"acc_ecs_lb_role","name_prefix":null,"path":"/ecs/","permissions_boundary":null,"tags":null}},{"address":"module.ecs.aws_iam_role_policy_attachment.ecs_ec2_cloudwatch_role","mode":"managed","type":"aws_iam_role_policy_attachment","name":"ecs_ec2_cloudwatch_role","provider_name":"aws","schema_version":0,"values":{"policy_arn":"arn:aws:iam::aws:policy/CloudWatchLogsFullAccess","role":"module.ecs.aws_iam_role.ecs_instance_role.id"}},{"address":"module.ecs.aws_iam_role_policy_attachment.ecs_ec2_role","mode":"managed","type":"aws_iam_role_policy_attachment","name":"ecs_ec2_role","provider_name":"aws","schema_version":0,"values":{"policy_arn":"arn:aws:iam::aws:policy/service-role/AmazonEC2ContainerServiceforEC2Role","role":"module.ecs.aws_iam_role.ecs_instance_role.id"}},{"address":"module.ecs.aws_iam_role_policy_attachment.ecs_lb","mode":"managed","type":"aws_iam_role_policy_attachment","name":"ecs_lb","provider_name":"aws","schema_version":0,"values":{"policy_arn":"arn:aws:iam::aws:policy/service-role/AmazonEC2ContainerServiceRole","role":"module.ecs.aws_iam_role.ecs_lb_role.id"}},{"address":"module.ecs.aws_security_group_rule.alb_to_ecs","mode":"managed","type":"aws_security_group_rule","name":"alb_to_ecs","provider_name":"aws","schema_version":2,"values":{"cidr_blocks":null,"description":null,"from_port":32768,"ipv6_cidr_blocks":null,"prefix_list_ids":null,"protocol":"tcp","security_group_id":"module.ecs.module.ecs_instances.aws_security_group.instance.id","self":false,"source_security_group_id":"module.ecs.module.alb.aws_security_group.alb.id","to_port":61000,"type":"ingress"}}],"address":"module.ecs","child_modules":[{"resources":[{"address":"module.ecs.module.ecs_instances.aws_autoscaling_group.asg","mode":"managed","type":"aws_autoscaling_group","name":"asg","provider_name":"aws","schema_version":0,"values":{"capacity_rebalance":null,"desired_capacity":1,"enabled_metrics":null,"force_delete":true,"health_check_grace_period":300,"initial_lifecycle_hook":[],"instance_refresh":[],"launch_configuration":"module.ecs.module.ecs_instances.aws_launch_configuration.launch.id","launch_template":[],"load_balancers":null,"max_instance_lifetime":null,"max_size":1,"metrics_granularity":"1Minute","min_elb_capacity":null,"min_size":1,"mixed_instances_policy":[],"name":"acc_acc_default","name_prefix":null,"placement_group":null,"protect_from_scale_in":false,"suspended_processes":null,"tag":[{"key":"Cluster","propagate_at_launch":true,"value":"acc"},{"key":"DependsId","propagate_at_launch":false,"value":"module.ecs.module.network.null_resource.dummy_dependency.id"},{"key":"Environment","propagate_at_launch":true,"value":"acc"},{"key":"InstanceGroup","propagate_at_launch":true,"value":"default"},{"key":"Name","propagate_at_launch":true,"value":"acc_ecs_acc_default"}],"tags":null,"target_group_arns":null,"termination_policies":null,"timeouts":null,"vpc_zone_identifier":["module.ecs.module.network.module.private_subnet.aws_subnet.subnet[0].id","module.ecs.module.network.module.private_subnet.aws_subnet.subnet[1].id"],"wait_for_capacity_timeout":"10m","wait_for_elb_capacity":null}},{"address":"module.ecs.module.ecs_instances.aws_cloudwatch_log_group.audit","mode":"managed","type":"aws_cloudwatch_log_group","name":"audit","provider_name":"aws","schema_version":0,"values":{"kms_key_id":null,"name":"acc/var/log/ecs/audit.log","name_prefix":null,"retention_in_days":30,"tags":null}},{"address":"module.ecs.module.ecs_instances.aws_cloudwatch_log_group.dmesg","mode":"managed","type":"aws_cloudwatch_log_group","name":"dmesg","provider_name":"aws","schema_version":0,"values":{"kms_key_id":null,"name":"acc/var/log/dmesg","name_prefix":null,"retention_in_days":30,"tags":null}},{"address":"module.ecs.module.ecs_instances.aws_cloudwatch_log_group.docker","mode":"managed","type":"aws_cloudwatch_log_group","name":"docker","provider_name":"aws","schema_version":0,"values":{"kms_key_id":null,"name":"acc/var/log/docker","name_prefix":null,"retention_in_days":30,"tags":null}},{"address":"module.ecs.module.ecs_instances.aws_cloudwatch_log_group.ecs-agent","mode":"managed","type":"aws_cloudwatch_log_group","name":"ecs-agent","provider_name":"aws","schema_version":0,"values":{"kms_key_id":null,"name":"acc/var/log/ecs/ecs-agent.log","name_prefix":null,"retention_in_days":30,"tags":null}},{"address":"module.ecs.module.ecs_instances.aws_cloudwatch_log_group.ecs-init","mode":"managed","type":"aws_cloudwatch_log_group","name":"ecs-init","provider_name":"aws","schema_version":0,"values":{"kms_key_id":null,"name":"acc/var/log/ecs/ecs-init.log","name_prefix":null,"retention_in_days":30,"tags":null}},{"address":"module.ecs.module.ecs_instances.aws_cloudwatch_log_group.messages","mode":"managed","type":"aws_cloudwatch_log_group","name":"messages","provider_name":"aws","schema_version":0,"values":{"kms_key_id":null,"name":"acc/var/log/messages","name_prefix":null,"retention_in_days":30,"tags":null}},{"address":"module.ecs.module.ecs_instances.aws_launch_configuration.launch","mode":"managed","type":"aws_launch_configuration","name":"launch","provider_name":"aws","schema_version":0,"values":{"associate_public_ip_address":false,"enable_monitoring":true,"ephemeral_block_device":[],"iam_instance_profile":"module.ecs.aws_iam_instance_profile.ecs.id","image_id":"ami-95f8d2f3","instance_type":"t2.micro","key_name":"ecs-key-acc","name_prefix":"acc_acc_default_","placement_tenancy":null,"security_groups":["module.ecs.module.ecs_instances.aws_security_group.instance.id"],"spot_price":null,"user_data":"115ab323182d7c2ab28ba19defd2f14d3642de40","user_data_base64":null,"vpc_classic_link_id":null,"vpc_classic_link_security_groups":null}},{"address":"module.ecs.module.ecs_instances.aws_security_group.instance","mode":"managed","type":"aws_security_group","name":"instance","provider_name":"aws","schema_version":1,"values":{"description":"Used in acc","name":"acc_acc_default","name_prefix":null,"revoke_rules_on_delete":false,"tags":{"Cluster":"acc","Environment":"acc","InstanceGroup":"default"},"timeouts":null,"vpc_id":"module.ecs.module.network.module.vpc.aws_vpc.vpc.id"}},{"address":"module.ecs.module.ecs_instances.aws_security_group_rule.outbound_internet_access","mode":"managed","type":"aws_security_group_rule","name":"outbound_internet_access","provider_name":"aws","schema_version":2,"values":{"cidr_blocks":["0.0.0.0/0"],"description":null,"from_port":0,"ipv6_cidr_blocks":null,"prefix_list_ids":null,"protocol":"-1","security_group_id":"module.ecs.module.ecs_instances.aws_security_group.instance.id","self":false,"to_port":0,"type":"egress"}}],"address":"module.ecs.module.ecs_instances"},{"resources":[{"address":"module.ecs.module.network.aws_route.private_nat_route[0]","mode":"managed","type":"aws_route","name":"private_nat_route","index":0,"provider_name":"aws","schema_version":0,"values":{"destination_cidr_block":"0.0.0.0/0","destination_ipv6_cidr_block":null,"nat_gateway_id":"module.ecs.module.network.module.nat.aws_nat_gateway.nat[0].id","route_table_id":"module.ecs.module.network.module.private_subnet.aws_route_table.subnet[0].id","timeouts":null,"transit_gateway_id":null,"vpc_endpoint_id":null,"vpc_peering_connection_id":null}},{"address":"module.ecs.module.network.aws_route.private_nat_route[1]","mode":"managed","type":"aws_route","name":"private_nat_route","index":1,"provider_name":"aws","schema_version":0,"values":{"destination_cidr_block":"0.0.0.0/0","destination_ipv6_cidr_block":null,"nat_gateway_id":"module.ecs.module.network.module.nat.aws_nat_gateway.nat[1].id","route_table_id":"module.ecs.module.network.module.private_subnet.aws_route_table.subnet[1].id","timeouts":null,"transit_gateway_id":null,"vpc_endpoint_id":null,"vpc_peering_connection_id":null}},{"address":"module.ecs.module.network.aws_route.public_igw_route[0]","mode":"managed","type":"aws_route","name":"public_igw_route","index":0,"provider_name":"aws","schema_version":0,"values":{"destination_cidr_block":"0.0.0.0/0","destination_ipv6_cidr_block":null,"gateway_id":"module.ecs.module.network.module.vpc.aws_internet_gateway.vpc.id","route_table_id":"module.ecs.module.network.module.public_subnet.aws_route_table.subnet[0].id","timeouts":null,"transit_gateway_id":null,"vpc_endpoint_id":null,"vpc_peering_connection_id":null}},{"address":"module.ecs.module.network.aws_route.public_igw_route[1]","mode":"managed","type":"aws_route","name":"public_igw_route","index":1,"provider_name":"aws","schema_version":0,"values":{"destination_cidr_block":"0.0.0.0/0","destination_ipv6_cidr_block":null,"gateway_id":"module.ecs.module.network.module.vpc.aws_internet_gateway.vpc.id","route_table_id":"module.ecs.module.network.module.public_subnet.aws_route_table.subnet[1].id","timeouts":null,"transit_gateway_id":null,"vpc_endpoint_id":null,"vpc_peering_connection_id":null}},{"address":"module.ecs.module.network.null_resource.dummy_dependency","mode":"managed","type":"null_resource","name":"dummy_dependency","provider_name":"null","schema_version":0,"values":{"triggers":null}}],"address":"module.ecs.module.network","child_modules":[{"resources":[{"address":"module.ecs.module.network.module.nat.aws_eip.nat[0]","mode":"managed","type":"aws_eip","name":"nat","index":0,"provider_name":"aws","schema_version":0,"values":{"associate_with_private_ip":null,"customer_owned_ipv4_pool":null,"tags":null,"timeouts":null,"vpc":true}},{"address":"module.ecs.module.network.module.nat.aws_eip.nat[1]","mode":"managed","type":"aws_eip","name":"nat","index":1,"provider_name":"aws","schema_version":0,"values":{"associate_with_private_ip":null,"customer_owned_ipv4_pool":null,"tags":null,"timeouts":null,"vpc":true}},{"address":"module.ecs.module.network.module.nat.aws_nat_gateway.nat[0]","mode":"managed","type":"aws_nat_gateway","name":"nat","index":0,"provider_name":"aws","schema_version":0,"values":{"allocation_id":"module.ecs.module.network.module.nat.aws_eip.nat[0].id","subnet_id":"module.ecs.module.network.module.public_subnet.aws_subnet.subnet[0].id","tags":null}},{"address":"module.ecs.module.network.module.nat.aws_nat_gateway.nat[1]","mode":"managed","type":"aws_nat_gateway","name":"nat","index":1,"provider_name":"aws","schema_version":0,"values":{"allocation_id":"module.ecs.module.network.module.nat.aws_eip.nat[1].id","subnet_id":"module.ecs.module.network.module.public_subnet.aws_subnet.subnet[1].id","tags":null}}],"address":"module.ecs.module.network.module.nat"},{"resources":[{"address":"module.ecs.module.network.module.vpc.aws_internet_gateway.vpc","mode":"managed","type":"aws_internet_gateway","name":"vpc","provider_name":"aws","schema_version":0,"values":{"tags":{"Environment":"acc"},"vpc_id":"module.ecs.module.network.module.vpc.aws_vpc.vpc.id"}},{"address":"module.ecs.module.network.module.vpc.aws_vpc.vpc","mode":"managed","type":"aws_vpc","name":"vpc","provider_name":"aws","schema_version":1,"values":{"assign_generated_ipv6_cidr_block":false,"cidr_block":"10.0.0.0/16","enable_dns_hostnames":true,"enable_dns_support":true,"instance_tenancy":"default","tags":{"Environment":"acc","Name":"acc"}}}],"address":"module.ecs.module.network.module.vpc"},{"resources":[{"address":"module.ecs.module.network.module.private_subnet.aws_route_table.subnet[0]","mode":"managed","type":"aws_route_table","name":"subnet","index":0,"provider_name":"aws","schema_version":0,"values":{"tags":{"Environment":"acc","Name":"acc_private_subnet_eu-west-1a"},"vpc_id":"module.ecs.module.network.module.vpc.aws_vpc.vpc.id"}},{"address":"module.ecs.module.network.module.private_subnet.aws_route_table.subnet[1]","mode":"managed","type":"aws_route_table","name":"subnet","index":1,"provider_name":"aws","schema_version":0,"values":{"tags":{"Environment":"acc","Name":"acc_private_subnet_eu-west-1b"},"vpc_id":"module.ecs.module.network.module.vpc.aws_vpc.vpc.id"}},{"address":"module.ecs.module.network.module.private_subnet.aws_route_table_association.subnet[0]","mode":"managed","type":"aws_route_table_association","name":"subnet","index":0,"provider_name":"aws","schema_version":0,"values":{"gateway_id":null,"route_table_id":"module.ecs.module.network.module.private_subnet.aws_route_table.subnet[0].id","subnet_id":"module.ecs.module.network.module.private_subnet.aws_subnet.subnet[0].id"}},{"address":"module.ecs.module.network.module.private_subnet.aws_route_table_association.subnet[1]","mode":"managed","type":"aws_route_table_association","name":"subnet","index":1,"provider_name":"aws","schema_version":0,"values":{"gateway_id":null,"route_table_id":"module.ecs.module.network.module.private_subnet.aws_route_table.subnet[1].id","subnet_id":"module.ecs.module.network.module.private_subnet.aws_subnet.subnet[1].id"}},{"address":"module.ecs.module.network.module.private_subnet.aws_subnet.subnet[0]","mode":"managed","type":"aws_subnet","name":"subnet","index":0,"provider_name":"aws","schema_version":1,"values":{"assign_ipv6_address_on_creation":false,"availability_zone":"eu-west-1a","cidr_block":"10.0.50.0/24","ipv6_cidr_block":null,"map_public_ip_on_launch":false,"outpost_arn":null,"tags":{"Environment":"acc","Name":"acc_private_subnet_eu-west-1a"},"timeouts":null,"vpc_id":"module.ecs.module.network.module.vpc.aws_vpc.vpc.id"}},{"address":"module.ecs.module.network.module.private_subnet.aws_subnet.subnet[1]","mode":"managed","type":"aws_subnet","name":"subnet","index":1,"provider_name":"aws","schema_version":1,"values":{"assign_ipv6_address_on_creation":false,"availability_zone":"eu-west-1b","cidr_block":"10.0.51.0/24","ipv6_cidr_block":null,"map_public_ip_on_launch":false,"outpost_arn":null,"tags":{"Environment":"acc","Name":"acc_private_subnet_eu-west-1b"},"timeouts":null,"vpc_id":"module.ecs.module.network.module.vpc.aws_vpc.vpc.id"}}],"address":"module.ecs.module.network.module.private_subnet"},{"resources":[{"address":"module.ecs.module.network.module.public_subnet.aws_route_table.subnet[0]","mode":"managed","type":"aws_route_table","name":"subnet","index":0,"provider_name":"aws","schema_version":0,"values":{"tags":{"Environment":"acc","Name":"acc_public_subnet_eu-west-1a"},"vpc_id":"module.ecs.module.network.module.vpc.aws_vpc.vpc.id"}},{"address":"module.ecs.module.network.module.public_subnet.aws_route_table.subnet[1]","mode":"managed","type":"aws_route_table","name":"subnet","index":1,"provider_name":"aws","schema_version":0,"values":{"tags":{"Environment":"acc","Name":"acc_public_subnet_eu-west-1b"},"vpc_id":"module.ecs.module.network.module.vpc.aws_vpc.vpc.id"}},{"address":"module.ecs.module.network.module.public_subnet.aws_route_table_association.subnet[0]","mode":"managed","type":"aws_route_table_association","name":"subnet","index":0,"provider_name":"aws","schema_version":0,"values":{"gateway_id":null,"route_table_id":"module.ecs.module.network.module.public_subnet.aws_route_table.subnet[0].id","subnet_id":"module.ecs.module.network.module.public_subnet.aws_subnet.subnet[0].id"}},{"address":"module.ecs.module.network.module.public_subnet.aws_route_table_association.subnet[1]","mode":"managed","type":"aws_route_table_association","name":"subnet","index":1,"provider_name":"aws","schema_version":0,"values":{"gateway_id":null,"route_table_id":"module.ecs.module.network.module.public_subnet.aws_route_table.subnet[1].id","subnet_id":"module.ecs.module.network.module.public_subnet.aws_subnet.subnet[1].id"}},{"address":"module.ecs.module.network.module.public_subnet.aws_subnet.subnet[0]","mode":"managed","type":"aws_subnet","name":"subnet","index":0,"provider_name":"aws","schema_version":1,"values":{"assign_ipv6_address_on_creation":false,"availability_zone":"eu-west-1a","cidr_block":"10.0.0.0/24","ipv6_cidr_block":null,"map_public_ip_on_launch":false,"outpost_arn":null,"tags":{"Environment":"acc","Name":"acc_public_subnet_eu-west-1a"},"timeouts":null,"vpc_id":"module.ecs.module.network.module.vpc.aws_vpc.vpc.id"}},{"address":"module.ecs.module.network.module.public_subnet.aws_subnet.subnet[1]","mode":"managed","type":"aws_subnet","name":"subnet","index":1,"provider_name":"aws","schema_version":1,"values":{"assign_ipv6_address_on_creation":false,"availability_zone":"eu-west-1b","cidr_block":"10.0.1.0/24","ipv6_cidr_block":null,"map_public_ip_on_launch":false,"outpost_arn":null,"tags":{"Environment":"acc","Name":"acc_public_subnet_eu-west-1b"},"timeouts":null,"vpc_id":"module.ecs.module.network.module.vpc.aws_vpc.vpc.id"}}],"address":"module.ecs.module.network.module.public_subnet"}]},{"resources":[{"address":"module.ecs.module.alb.aws_alb.alb","mode":"managed","type":"aws_alb","name":"alb","provider_name":"aws","schema_version":0,"values":{"access_logs":[],"customer_owned_ipv4_pool":null,"drop_invalid_header_fields":false,"enable_cross_zone_load_balancing":null,"enable_deletion_protection":false,"enable_http2":true,"idle_timeout":60,"load_balancer_type":"application","name":"acc-acc","name_prefix":null,"security_groups":["module.ecs.module.alb.aws_security_group.alb.id"],"subnets":["module.ecs.module.network.module.public_subnet.aws_subnet.subnet[0].id","module.ecs.module.network.module.public_subnet.aws_subnet.subnet[1].id"],"tags":{"Environment":"acc"},"timeouts":null}},{"address":"module.ecs.module.alb.aws_alb_listener.http","mode":"managed","type":"aws_alb_listener","name":"http","provider_name":"aws","schema_version":0,"values":{"certificate_arn":null,"default_action":[{"authenticate_cognito":[],"authenticate_oidc":[],"fixed_response":[],"forward":[],"redirect":[],"target_group_arn":"module.ecs.module.alb.aws_alb_target_group.default.id","type":"forward"}],"load_balancer_arn":"module.ecs.module.alb.aws_alb.alb.id","port":80,"protocol":"HTTP","timeouts":null}},{"address":"module.ecs.module.alb.aws_alb_target_group.default","mode":"managed","type":"aws_alb_target_group","name":"default","provider_name":"aws","schema_version":0,"values":{"deregistration_delay":300,"health_check":[{"enabled":true,"healthy_threshold":3,"interval":30,"path":"/","port":"traffic-port","protocol":"HTTP","unhealthy_threshold":3}],"lambda_multi_value_headers_enabled":false,"name":"acc-acc-default","name_prefix":null,"port":80,"protocol":"HTTP","proxy_protocol_v2":false,"slow_start":0,"tags":{"Environment":"acc"},"target_type":"instance","vpc_id":"module.ecs.module.network.module.vpc.aws_vpc.vpc.id"}},{"address":"module.ecs.module.alb.aws_security_group.alb","mode":"managed","type":"aws_security_group","name":"alb","provider_name":"aws","schema_version":1,"values":{"description":"Managed by Terraform","name":"acc-acc_alb","name_prefix":null,"revoke_rules_on_delete":false,"tags":{"Environment":"acc"},"timeouts":null,"vpc_id":"module.ecs.module.network.module.vpc.aws_vpc.vpc.id"}},{"address":"module.ecs.module.alb.aws_security_group_rule.https_from_anywhere","mode":"managed","type":"aws_security_group_rule","name":"https_from_anywhere","provider_name":"aws","schema_version":2,"values":{"cidr_blocks":["0.0.0.0/0"],"description":null,"from_port":80,"ipv6_cidr_blocks":null,"prefix_list_ids":null,"protocol":"tcp","security_group_id":"module.ecs.module.alb.aws_security_group.alb.id","self":false,"to_port":80,"type":"ingress"}},{"address":"module.ecs.module.alb.aws_security_group_rule.outbound_internet_access","mode":"managed","type":"aws_security_group_rule","name":"outbound_internet_access","provider_name":"aws","schema_version":2,"values":{"cidr_blocks":["0.0.0.0/0"],"description":null,"from_port":0,"ipv6_cidr_blocks":null,"prefix_list_ids":null,"protocol":"-1","security_group_id":"module.ecs.module.alb.aws_security_group.alb.id","self":false,"to_port":0,"type":"egress"}}],"address":"module.ecs.module.alb"}]}]}},"resource_changes":[{"address":"aws_key_pair.ecs","mode":"managed","type":"aws_key_pair","name":"ecs","provider_name":"aws","change":{"actions":["create"],"before":null,"after":{"key_name":"ecs-key-acc","key_name_prefix":null,"public_key":"ssh-rsa AAAAB3NzaC1yc2EAAAADAQABAAABAQCtMljjj0Ccxux5Mssqraa/iHHxheW+m0Rh17fbd8t365y9EwBn00DN/0PjdU2CK6bjxwy8BNGXWoUXiSDDtGqRupH6e9J012yE5kxhpXnnkIcLGjkAiflDBVV4sXS4b3a2LSXL5Dyb93N2GdnJ03FJM4qDJ8lfDQxb38eYHytZkmxW14xLoyW5Hbyr3SXhdHC2/ecdp5nLNRwRWiW6g9OA6jTQ3LgeOZoM6dK4ltJUQOakKjiHsE+jvmO0hJYQN7+5gYOw0HHsM+zmATvSipAWzoWBWcmBxAbcdW0R0KvCwjylCyRVbRMRbSZ/c4idZbFLZXRb7ZJkqNJuy99+ld41 ecs@aws.fake","tags":null},"after_unknown":{"arn":true,"fingerprint":true,"id":true,"key_pair_id":true}}},{"address":"module.ecs.aws_ecs_cluster.cluster","module_address":"module.ecs","mode":"managed","type":"aws_ecs_cluster","name":"cluster","provider_name":"aws","change":{"actions":["create"],"before":null,"after":{"capacity_providers":null,"default_capacity_provider_strategy":[],"name":"acc","tags":null},"after_unknown":{"arn":true,"default_capacity_provider_strategy":[],"id":true,"setting":true}}},{"address":"module.ecs.aws_iam_instance_profile.ecs","module_address":"module.ecs","mode":"managed","type":"aws_iam_instance_profile","name":"ecs","provider_name":"aws","change":{"actions":["create"],"before":null,"after":{"name":"acc_ecs_instance_profile","name_prefix":null,"path":"/","role":"acc_ecs_instance_role"},"after_unknown":{"arn":true,"create_date":true,"id":true,"unique_id":true}}},{"address":"module.ecs.aws_iam_role.ecs_instance_role","module_address":"module.ecs","mode":"managed","type":"aws_iam_role","name":"ecs_instance_role","provider_name":"aws","change":{"actions":["create"],"before":null,"after":{"assume_role_policy":"{\n  \"Version\": \"2008-10-17\",\n  \"Statement\": [\n    {\n      \"Action\": \"sts:AssumeRole\",\n      \"Principal\": {\n        \"Service\": [\"ec2.amazonaws.com\"]\n      },\n      \"Effect\": \"Allow\"\n    }\n  ]\n}\n","description":null,"force_detach_policies":false,"max_session_duration":3600,"name":"acc_ecs_instance_role","name_prefix":null,"path":"/","permissions_boundary":null,"tags":null},"after_unknown":{"arn":true,"create_date":true,"id":true,"unique_id":true}}},{"address":"module.ecs.aws_iam_role.ecs_lb_role","module_address":"module.ecs","mode":"managed","type":"aws_iam_role","name":"ecs_lb_role","provider_name":"aws","change":{"actions":["create"],"before":null,"after":{"assume_role_policy":"{\n  \"Version\": \"2008-10-17\",\n  \"Statement\": [\n    {\n      \"Action\": \"sts:AssumeRole\",\n      \"Principal\": {\n        \"Service\": [\"ecs.amazonaws.com\"]\n      },\n      \"Effect\": \"Allow\"\n    }\n  ]\n}\n","description":null,"force_detach_policies":false,"max_session_duration":3600,"name":"acc_ecs_lb_role","name_prefix":null,"path":"/ecs/","permissions_boundary":null,"tags":null},"after_unknown":{"arn":true,"create_date":true,"id":true,"unique_id":true}}},{"address":"module.ecs.aws_iam_role_policy_attachment.ecs_ec2_cloudwatch_role","module_address":"module.ecs","mode":"managed","type":"aws_iam_role_policy_attachment","name":"ecs_ec2_cloudwatch_role","provider_name":"aws","change":{"actions":["create"],"before":null,"after":{"policy_arn":"arn:aws:iam::aws:policy/CloudWatchLogsFullAccess","role":"module.ecs.aws_iam_role.ecs_instance_role.id"},"after_unknown":{"id":true}}},{"address":"module.ecs.aws_iam_role_policy_attachment.ecs_ec2_role","module_address":"module.ecs","mode":"managed","type":"aws_iam_role_policy_attachment","name":"ecs_ec2_role","provider_name":"aws","change":{"actions":["create"],"before":null,"after":{"policy_arn":"arn:aws:iam::aws:policy/service-role/AmazonEC2ContainerServiceforEC2Role","role":"module.ecs.aws_iam_role.ecs_instance_role.id"},"after_unknown":{"id":true}}},{"address":"module.ecs.aws_iam_role_policy_attachment.ecs_lb","module_address":"module.ecs","mode":"managed","type":"aws_iam_role_policy_attachment","name":"ecs_lb","provider_name":"aws","change":{"actions":["create"],"before":null,"after":{"policy_arn":"arn:aws:iam::aws:policy/service-role/AmazonEC2ContainerServiceRole","role":"module.ecs.aws_iam_role.ecs_lb_role.id"},"after_unknown":{"id":true}}},{"address":"module.ecs.aws_security_group_rule.alb_to_ecs","module_address":"module.ecs","mode":"managed","type":"aws_security_group_rule","name":"alb_to_ecs","provider_name":"aws","change":{"actions":["create"],"before":null,"after":{"cidr_blocks":null,"description":null,"from_port":32768,"ipv6_cidr_blocks":null,"prefix_list_ids":null,"protocol":"tcp","security_group_id":"module.ecs.module.ecs_instances.aws_security_group.instance.id","self":false,"source_security_group_id":"module.ecs.module.alb.aws_security_group.alb.id","to_port":61000,"type":"ingress"},"after_unknown":{"id":true}}},{"address":"module.ecs.module.alb.aws_alb.alb","module_address":"module.ecs.module.alb","mode":"managed","type":"aws_alb","name":"alb","provider_name":"aws","change":{"actions":["create"],"before":null,"after":{"access_logs":[],"customer_owned_ipv4_pool":null,"drop_invalid_header_fields":false,"enable_cross_zone_load_balancing":null,"enable_deletion_protection":false,"enable_http2":true,"idle_timeout":60,"load_balancer_type":"application","name":"acc-acc","name_prefix":null,"security_groups":["module.ecs.module.alb.aws_security_group.alb.id"],"subnets":["module.ecs.module.network.module.public_subnet.aws_subnet.subnet[0].id","module.ecs.module.network.module.public_subnet.aws_subnet.subnet[1].id"],"tags":{"Environment":"acc"},"timeouts":null},"after_unknown":{"access_logs":[],"arn":true,"arn_suffix":true,"dns_name":true,"id":true,"internal":true,"ip_address_type":true,"security_groups":[false],"subnet_mapping":true,"subnets":[false,false],"tags":{},"vpc_id":true,"zone_id":true}}},{"address":"module.ecs.module.alb.aws_alb_listener.http","module_address":"module.ecs.module.alb","mode":"managed","type":"aws_alb_listener","name":"http","provider_name":"aws","change":{"actions":["create"],"before":null,"after":{"certificate_arn":null,"default_action":[{"authenticate_cognito":[],"authenticate_oidc":[],"fixed_response":[],"forward":[],"redirect":[],"target_group_arn":"module.ecs.module.alb.aws_alb_target_group.default.id","type":"forward"}],"load_balancer_arn":"module.ecs.module.alb.aws_alb.alb.id","port":80,"protocol":"HTTP","timeouts":null},"after_unknown":{"arn":true,"default_action":[{"authenticate_cognito":[],"authenticate_oidc":[],"fixed_response":[],"forward":[],"order":true,"redirect":[]}],"id":true,"ssl_policy":true}}},{"address":"module.ecs.module.alb.aws_alb_target_group.default","module_address":"module.ecs.module.alb","mode":"managed","type":"aws_alb_target_group","name":"default","provider_name":"aws","change":{"actions":["create"],"before":null,"after":{"deregistration_delay":300,"health_check":[{"enabled":true,"healthy_threshold":3,"interval":30,"path":"/","port":"traffic-port","protocol":"HTTP","unhealthy_threshold":3}],"lambda_multi_value_headers_enabled":false,"name":"acc-acc-default","name_prefix":null,"port":80,"protocol":"HTTP","proxy_protocol_v2":false,"slow_start":0,"tags":{"Environment":"acc"},"target_type":"instance","vpc_id":"module.ecs.module.network.module.vpc.aws_vpc.vpc.id"},"after_unknown":{"arn":true,"arn_suffix":true,"health_check":[{"matcher":true,"timeout":true}],"id":true,"load_balancing_algorithm_type":true,"stickiness":true,"tags":{}}}},{"address":"module.ecs.module.alb.aws_security_group.alb","module_address":"module.ecs.module.alb","mode":"managed","type":"aws_security_group","name":"alb","provider_name":"aws","change":{"actions":["create"],"before":null,"after":{"description":"Managed by Terraform","name":"acc-acc_alb","name_prefix":null,"revoke_rules_on_delete":false,"tags":{"Environment":"acc"},"timeouts":null,"vpc_id":"module.ecs.module.network.module.vpc.aws_vpc.vpc.id"},"after_unknown":{"arn":true,"egress":true,"id":true,"ingress":true,"owner_id":true,"tags":{}}}},{"address":"module.ecs.module.alb.aws_security_group_rule.https_from_anywhere","module_address":"module.ecs.module.alb","mode":"managed","type":"aws_security_group_rule","name":"https_from_anywhere","provider_name":"aws","change":{"actions":["create"],"before":null,"after":{"cidr_blocks":["0.0.0.0/0"],"description":null,"from_port":80,"ipv6_cidr_blocks":null,"prefix_list_ids":null,"protocol":"tcp","security_group_id":"module.ecs.module.alb.aws_security_group.alb.id","self":false,"to_port":80,"type":"ingress"},"after_unknown":{"cidr_blocks":[false],"id":true,"source_security_group_id":true}}},{"address":"module.ecs.module.alb.aws_security_group_rule.outbound_internet_access","module_address":"module.ecs.module.alb","mode":"managed","type":"aws_security_group_rule","name":"outbound_internet_access","provider_name":"aws","change":{"actions":["create"],"before":null,"after":{"cidr_blocks":["0.0.0.0/0"],"description":null,"from_port":0,"ipv6_cidr_blocks":null,"prefix_list_ids":null,"protocol":"-1","security_group_id":"module.ecs.module.alb.aws_security_group.alb.id","self":false,"to_port":0,"type":"egress"},"after_unknown":{"cidr_blocks":[false],"id":true,"source_security_group_id":true}}},{"address":"module.ecs.module.ecs_instances.aws_autoscaling_group.asg","module_address":"module.ecs.module.ecs_instances","mode":"managed","type":"aws_autoscaling_group","name":"asg","provider_name":"aws","change":{"actions":["create"],"before":null,"after":{"capacity_rebalance":null,"desired_capacity":1,"enabled_metrics":null,"force_delete":true,"health_check_grace_period":300,"initial_lifecycle_hook":[],"instance_refresh":[],"launch_configuration":"module.ecs.module.ecs_instances.aws_launch_configuration.launch.id","launch_template":[],"load_balancers":null,"max_instance_lifetime":null,"max_size":1,"metrics_granularity":"1Minute","min_elb_capacity":null,"min_size":1,"mixed_instances_policy":[],"name":"acc_acc_default","name_prefix":null,"placement_group":null,"protect_from_scale_in":false,"suspended_processes":null,"tag":[{"key":"Cluster","propagate_at_launch":true,"value":"acc"},{"key":"DependsId","propagate_at_launch":false,"value":"module.ecs.module.network.null_resource.dummy_dependency.id"},{"key":"Environment","propagate_at_launch":true,"value":"acc"},{"key":"InstanceGroup","propagate_at_launch":true,"value":"default"},{"key":"Name","propagate_at_launch":true,"value":"acc_ecs_acc_default"}],"tags":null,"target_group_arns":null,"termination_policies":null,"timeouts":null,"vpc_zone_identifier":["module.ecs.module.network.module.private_subnet.aws_subnet.subnet[0].id","module.ecs.module.network.module.private_subnet.aws_subnet.subnet[1].id"],"wait_for_capacity_timeout":"10m","wait_for_elb_capacity":null},"after_unknown":{"arn":true,"availability_zones":true,"default_cooldown":true,"health_check_type":true,"id":true,"initial_lifecycle_hook":[],"instance_refresh":[],"launch_template":[],"mixed_instances_policy":[],"service_linked_role_arn":true,"tag":[{},{},{},{},{}],"vpc_zone_identifier":[false,false]}}},{"address":"module.ecs.module.ecs_instances.aws_cloudwatch_log_group.audit","module_address":"module.ecs.module.ecs_instances","mode":"managed","type":"aws_cloudwatch_log_group","name":"audit","provider_name":"aws","change":{"actions":["create"],"before":null,"after":{"kms_key_id":null,"name":"acc/var/log/ecs/audit.log","name_prefix":null,"retention_in_days":30,"tags":null},"after_unknown":{"arn":true,"id":true}}},{"address":"module.ecs.module.ecs_instances.aws_cloudwatch_log_group.dmesg","module_address":"module.ecs.module.ecs_instances","mode":"managed","type":"aws_cloudwatch_log_group","name":"dmesg","provider_name":"aws","change":{"actions":["create"],"before":null,"after":{"kms_key_id":null,"name":"acc/var/log/dmesg","name_prefix":null,"retention_in_days":30,"tags":null},"after_unknown":{"arn":true,"id":true}}},{"address":"module.ecs.module.ecs_instances.aws_cloudwatch_log_group.docker","module_address":"module.ecs.module.ecs_instances","mode":"managed","type":"aws_cloudwatch_log_group","name":"docker","provider_name":"aws","change":{"actions":["create"],"before":null,"after":{"kms_key_id":null,"name":"acc/var/log/docker","name_prefix":null,"retention_in_days":30,"tags":null},"after_unknown":{"arn":true,"id":true}}},{"address":"module.ecs.module.ecs_instances.aws_cloudwatch_log_group.ecs-agent","module_address":"module.ecs.module.ecs_instances","mode":"managed","type":"aws_cloudwatch_log_group","name":"ecs-agent","provider_name":"aws","change":{"actions":["create"],"before":null,"after":{"kms_key_id":null,"name":"acc/var/log/ecs/ecs-agent.log","name_prefix":null,"retention_in_days":30,"tags":null},"after_unknown":{"arn":true,"id":true}}},{"address":"module.ecs.module.ecs_instances.aws_cloudwatch_log_group.ecs-init","module_address":"module.ecs.module.ecs_instances","mode":"managed","type":"aws_cloudwatch_log_group","name":"ecs-init","provider_name":"aws","change":{"actions":["create"],"before":null,"after":{"kms_key_id":null,"name":"acc/var/log/ecs/ecs-init.log","name_prefix":null,"retention_in_days":30,"tags":null},"after_unknown":{"arn":true,"id":true}}},{"address":"module.ecs.module.ecs_instances.aws_cloudwatch_log_group.messages","module_address":"module.ecs.module.ecs_instances","mode":"managed","type":"aws_cloudwatch_log_group","name":"messages","provider_name":"aws","change":{"actions":["create"],"before":null,"after":{"kms_key_id":null,"name":"acc/var/log/messages","name_prefix":null,"retention_in_days":30,"tags":null},"after_unknown":{"arn":true,"id":true}}},{"address":"module.ecs.module.ecs_instances.aws_launch_configuration.launch","module_address":"module.ecs.module.ecs_instances","mode":"managed","type":"aws_launch_configuration","name":"launch","provider_name":"aws","change":{"actions":["create"],"before":null,"after":{"associate_public_ip_address":false,"enable_monitoring":true,"ephemeral_block_device":[],"iam_instance_profile":"module.ecs.aws_iam_instance_profile.ecs.id","image_id":"ami-95f8d2f3","instance_type":"t2.micro","key_name":"ecs-key-acc","name_prefix":"acc_acc_default_","placement_tenancy":null,"security_groups":["module.ecs.module.ecs_instances.aws_security_group.instance.id"],"spot_price":null,"user_data":"115ab323182d7c2ab28ba19defd2f14d3642de40","user_data_base64":null,"vpc_classic_link_id":null,"vpc_classic_link_security_groups":null},"after_unknown":{"arn":true,"ebs_block_device":true,"ebs_optimized":true,"ephemeral_block_device":[],"id":true,"metadata_options":true,"name":true,"root_block_device":true,"security_groups":[false]}}},{"address":"module.ecs.module.ecs_instances.aws_security_group.instance","module_address":"module.ecs.module.ecs_instances","mode":"managed","type":"aws_security_group","name":"instance","provider_name":"aws","change":{"actions":["create"],"before":null,"after":{"description":"Used in acc","name":"acc_acc_default","name_prefix":null,"revoke_rules_on_delete":false,"tags":{"Cluster":"acc","Environment":"acc","InstanceGroup":"default"},"timeouts":null,"vpc_id":"module.ecs.module.network.module.vpc.aws_vpc.vpc.id"},"after_unknown":{"arn":true,"egress":true,"id":true,"ingress":true,"owner_id":true,"tags":{}}}},{"address":"module.ecs.module.ecs_instances.aws_security_group_rule.outbound_internet_access","module_address":"module.ecs.module.ecs_instances","mode":"managed","type":"aws_security_group_rule","name":"outbound_internet_access","provider_name":"aws","change":{"actions":["create"],"before":null,"after":{"cidr_blocks":["0.0.0.0/0"],"description":null,"from_port":0,"ipv6_cidr_blocks":null,"prefix_list_ids":null,"protocol":"-1","security_group_id":"module.ecs.module.ecs_instances.aws_security_group.instance.id","self":false,"to_port":0,"type":"egress"},"after_unknown":{"cidr_blocks":[false],"id":true,"source_security_group_id":true}}},{"address":"module.ecs.module.network.aws_route.private_nat_route[0]","module_address":"module.ecs.module.network","mode":"managed","type":"aws_route","name":"private_nat_route","index":0,"provider_name":"aws","change":{"actions":["create"],"before":null,"after":{"destination_cidr_block":"0.0.0.0/0","destination_ipv6_cidr_block":null,"nat_gateway_id":"module.ecs.module.network.module.nat.aws_nat_gateway.nat[0].id","route_table_id":"module.ecs.module.network.module.private_subnet.aws_route_table.subnet[0].id","timeouts":null,"transit_gateway_id":null,"vpc_endpoint_id":null,"vpc_peering_connection_id":null},"after_unknown":{"destination_prefix_list_id":true,"egress_only_gateway_id":true,"gateway_id":true,"id":true,"instance_id":true,"instance_owner_id":true,"local_gateway_id":true,"network_interface_id":true,"origin":true,"state":true}}},{"address":"module.ecs.module.network.aws_route.private_nat_route[1]","module_address":"module.ecs.module.network","mode":"managed","type":"aws_route","name":"private_nat_route","index":1,"provider_name":"aws","change":{"actions":["create"],"before":null,"after":{"destination_cidr_block":"0.0.0.0/0","destination_ipv6_cidr_block":null,"nat_gateway_id":"module.ecs.module.network.module.nat.aws_nat_gateway.nat[1].id","route_table_id":"module.ecs.module.network.module.private_subnet.aws_route_table.subnet[1].id","timeouts":null,"transit_gateway_id":null,"vpc_endpoint_id":null,"vpc_peering_connection_id":null},"after_unknown":{"destination_prefix_list_id":true,"egress_only_gateway_id":true,"gateway_id":true,"id":true,"instance_id":true,"instance_owner_id":true,"local_gateway_id":true,"network_interface_id":true,"origin":true,"state":true}}},{"address":"module.ecs.module.network.aws_route.public_igw_route[0]","module_address":"module.ecs.module.network","mode":"managed","type":"aws_route","name":"public_igw_route","index":0,"provider_name":"aws","change":{"actions":["create"],"before":null,"after":{"destination_cidr_block":"0.0.0.0/0","destination_ipv6_cidr_block":null,"gateway_id":"module.ecs.module.network.module.vpc.aws_internet_gateway.vpc.id","route_table_id":"module.ecs.module.network.module.public_subnet.aws_route_table.subnet[0].id","timeouts":null,"transit_gateway_id":null,"vpc_endpoint_id":null,"vpc_peering_connection_id":null},"after_unknown":{"destination_prefix_list_id":true,"egress_only_gateway_id":true,"id":true,"instance_id":true,"instance_owner_id":true,"local_gateway_id":true,"nat_gateway_id":true,"network_interface_id":true,"origin":true,"state":true}}},{"address":"module.ecs.module.network.aws_route.public_igw_route[1]","module_address":"module.ecs.module.network","mode":"managed","type":"aws_route","name":"public_igw_route","index":1,"provider_name":"aws","change":{"actions":["create"],"before":null,"after":{"destination_cidr_block":"0.0.0.0/0","destination_ipv6_cidr_block":null,"gateway_id":"module.ecs.module.network.module.vpc.aws_internet_gateway.vpc.id","route_table_id":"module.ecs.module.network.module.public_subnet.aws_route_table.subnet[1].id","timeouts":null,"transit_gateway_id":null,"vpc_endpoint_id":null,"vpc_peering_connection_id":null},"after_unknown":{"destination_prefix_list_id":true,"egress_only_gateway_id":true,"id":true,"instance_id":true,"instance_owner_id":true,"local_gateway_id":true,"nat_gateway_id":true,"network_interface_id":true,"origin":true,"state":true}}},{"address":"module.ecs.module.network.module.nat.aws_eip.nat[0]","module_address":"module.ecs.module.network.module.nat","mode":"managed","type":"aws_eip","name":"nat","index":0,"provider_name":"aws","change":{"actions":["create"],"before":null,"after":{"associate_with_private_ip":null,"customer_owned_ipv4_pool":null,"tags":null,"timeouts":null,"vpc":true},"after_unknown":{"allocation_id":true,"association_id":true,"carrier_ip":true,"customer_owned_ip":true,"domain":true,"id":true,"instance":true,"network_border_group":true,"network_interface":true,"private_dns":true,"private_ip":true,"public_dns":true,"public_ip":true,"public_ipv4_pool":true}}},{"address":"module.ecs.module.network.module.nat.aws_eip.nat[1]","module_address":"module.ecs.module.network.module.nat","mode":"managed","type":"aws_eip","name":"nat","index":1,"provider_name":"aws","change":{"actions":["create"],"before":null,"after":{"associate_with_private_ip":null,"customer_owned_ipv4_pool":null,"tags":null,"timeouts":null,"vpc":true},"after_unknown":{"allocation_id":true,"association_id":true,"carrier_ip":true,"customer_owned_ip":true,"domain":true,"id":true,"instance":true,"network_border_group":true,"network_interface":true,"private_dns":true,"private_ip":true,"public_dns":true,"public_ip":true,"public_ipv4_pool":true}}},{"address":"module.ecs.module.network.module.nat.aws_nat_gateway.nat[0]","module_address":"module.ecs.module.network.module.nat","mode":"managed","type":"aws_nat_gateway","name":"nat","index":0,"provider_name":"aws","change":{"actions":["create"],"before":null,"after":{"allocation_id":"module.ecs.module.network.module.nat.aws_eip.nat[0].id","subnet_id":"module.ecs.module.network.module.public_subnet.aws_subnet.subnet[0].id","tags":null},"after_unknown":{"id":true,"network_interface_id":true,"private_ip":true,"public_ip":true}}},{"address":"module.ecs.module.network.module.nat.aws_nat_gateway.nat[1]","module_address":"module.ecs.module.network.module.nat","mode":"managed","type":"aws_nat_gateway","name":"nat","index":1,"provider_name":"aws","change":{"actions":["create"],"before":null,"after":{"allocation_id":"module.ecs.module.network.module.nat.aws_eip.nat[1].id","subnet_id":"module.ecs.module.network.module.public_subnet.aws_subnet.subnet[1].id","tags":null},"after_unknown":{"id":true,"network_interface_id":true,"private_ip":true,"public_ip":true}}},{"address":"module.ecs.module.network.module.private_subnet.aws_route_table.subnet[0]","module_address":"module.ecs.module.network.module.private_subnet","mode":"managed","type":"aws_route_table","name":"subnet","index":0,"provider_name":"aws","change":{"actions":["create"],"before":null,"after":{"tags":{"Environment":"acc","Name":"acc_private_subnet_eu-west-1a"},"vpc_id":"module.ecs.module.network.module.vpc.aws_vpc.vpc.id"},"after_unknown":{"id":true,"owner_id":true,"propagating_vgws":true,"route":true,"tags":{}}}},{"address":"module.ecs.module.network.module.private_subnet.aws_route_table.subnet[1]","module_address":"module.ecs.module.network.module.private_subnet","mode":"managed","type":"aws_route_table","name":"subnet","index":1,"provider_name":"aws","change":{"actions":["create"],"before":null,"after":{"tags":{"Environment":"acc","Name":"acc_private_subnet_eu-west-1b"},"vpc_id":"module.ecs.module.network.module.vpc.aws_vpc.vpc.id"},"after_unknown":{"id":true,"owner_id":true,"propagating_vgws":true,"route":true,"tags":{}}}},{"address":"module.ecs.module.network.module.private_subnet.aws_route_table_association.subnet[0]","module_address":"module.ecs.module.network.module.private_subnet","mode":"managed","type":"aws_route_table_association","name":"subnet","index":0,"provider_name":"aws","change":{"actions":["create"],"before":null,"after":{"gateway_id":null,"route_table_id":"module.ecs.module.network.module.private_subnet.aws_route_table.subnet[0].id","subnet_id":"module.ecs.module.network.module.private_subnet.aws_subnet.subnet[0].id"},"after_unknown":{"id":true}}},{"address":"module.ecs.module.network.module.private_subnet.aws_route_table_association.subnet[1]","module_address":"module.ecs.module.network.module.private_subnet","mode":"managed","type":"aws_route_table_association","name":"subnet","index":1,"provider_name":"aws","change":{"actions":["create"],"before":null,"after":{"gateway_id":null,"route_table_id":"module.ecs.module.network.module.private_subnet.aws_route_table.subnet[1].id","subnet_id":"module.ecs.module.network.module.private_subnet.aws_subnet.subnet[1].id"},"after_unknown":{"id":true}}},{"address":"module.ecs.module.network.module.private_subnet.aws_subnet.subnet[0]","module_address":"module.ecs.module.network.module.private_subnet","mode":"managed","type":"aws_subnet","name":"subnet","index":0,"provider_name":"aws","change":{"actions":["create"],"before":null,"after":{"assign_ipv6_address_on_creation":false,"availability_zone":"eu-west-1a","cidr_block":"10.0.50.0/24","ipv6_cidr_block":null,"map_public_ip_on_launch":false,"outpost_arn":null,"tags":{"Environment":"acc","Name":"acc_private_subnet_eu-west-1a"},"timeouts":null,"vpc_id":"module.ecs.module.network.module.vpc.aws_vpc.vpc.id"},"after_unknown":{"arn":true,"availability_zone_id":true,"id":true,"ipv6_cidr_block_association_id":true,"owner_id":true,"tags":{}}}},{"address":"module.ecs.module.network.module.private_subnet.aws_subnet.subnet[1]","module_address":"module.ecs.module.network.module.private_subnet","mode":"managed","type":"aws_subnet","name":"subnet","index":1,"provider_name":"aws","change":{"actions":["create"],"before":null,"after":{"assign_ipv6_address_on_creation":false,"availability_zone":"eu-west-1b","cidr_block":"10.0.51.0/24","ipv6_cidr_block":null,"map_public_ip_on_launch":false,"outpost_arn":null,"tags":{"Environment":"acc","Name":"acc_private_subnet_eu-west-1b"},"timeouts":null,"vpc_id":"module.ecs.module.network.module.vpc.aws_vpc.vpc.id"},"after_unknown":{"arn":true,"availability_zone_id":true,"id":true,"ipv6_cidr_block_association_id":true,"owner_id":true,"tags":{}}}},{"address":"module.ecs.module.network.module.public_subnet.aws_route_table.subnet[0]","module_address":"module.ecs.module.network.module.public_subnet","mode":"managed","type":"aws_route_table","name":"subnet","index":0,"provider_name":"aws","change":{"actions":["create"],"before":null,"after":{"tags":{"Environment":"acc","Name":"acc_public_subnet_eu-west-1a"},"vpc_id":"module.ecs.module.network.module.vpc.aws_vpc.vpc.id"},"after_unknown":{"id":true,"owner_id":true,"propagating_vgws":true,"route":true,"tags":{}}}},{"address":"module.ecs.module.network.module.public_subnet.aws_route_table.subnet[1]","module_address":"module.ecs.module.network.module.public_subnet","mode":"managed","type":"aws_route_table","name":"subnet","index":1,"provider_name":"aws","change":{"actions":["create"],"before":null,"after":{"tags":{"Environment":"acc","Name":"acc_public_subnet_eu-west-1b"},"vpc_id":"module.ecs.module.network.module.vpc.aws_vpc.vpc.id"},"after_unknown":{"id":true,"owner_id":true,"propagating_vgws":true,"route":true,"tags":{}}}},{"address":"module.ecs.module.network.module.public_subnet.aws_route_table_association.subnet[0]","module_address":"module.ecs.module.network.module.public_subnet","mode":"managed","type":"aws_route_table_association","name":"subnet","index":0,"provider_name":"aws","change":{"actions":["create"],"before":null,"after":{"gateway_id":null,"route_table_id":"module.ecs.module.network.module.public_subnet.aws_route_table.subnet[0].id","subnet_id":"module.ecs.module.network.module.public_subnet.aws_subnet.subnet[0].id"},"after_unknown":{"id":true}}},{"address":"module.ecs.module.network.module.public_subnet.aws_route_table_association.subnet[1]","module_address":"module.ecs.module.network.module.public_subnet","mode":"managed","type":"aws_route_table_association","name":"subnet","index":1,"provider_name":"aws","change":{"actions":["create"],"before":null,"after":{"gateway_id":null,"route_table_id":"module.ecs.module.network.module.public_subnet.aws_route_table.subnet[1].id","subnet_id":"module.ecs.module.network.module.public_subnet.aws_subnet.subnet[1].id"},"after_unknown":{"id":true}}},{"address":"module.ecs.module.network.module.public_subnet.aws_subnet.subnet[0]","module_address":"module.ecs.module.network.module.public_subnet","mode":"managed","type":"aws_subnet","name":"subnet","index":0,"provider_name":"aws","change":{"actions":["create"],"before":null,"after":{"assign_ipv6_address_on_creation":false,"availability_zone":"eu-west-1a","cidr_block":"10.0.0.0/24","ipv6_cidr_block":null,"map_public_ip_on_launch":false,"outpost_arn":null,"tags":{"Environment":"acc","Name":"acc_public_subnet_eu-west-1a"},"timeouts":null,"vpc_id":"module.ecs.module.network.module.vpc.aws_vpc.vpc.id"},"after_unknown":{"arn":true,"availability_zone_id":true,"id":true,"ipv6_cidr_block_association_id":true,"owner_id":true,"tags":{}}}},{"address":"module.ecs.module.network.module.public_subnet.aws_subnet.subnet[1]","module_address":"module.ecs.module.network.module.public_subnet","mode":"managed","type":"aws_subnet","name":"subnet","index":1,"provider_name":"aws","change":{"actions":["create"],"before":null,"after":{"assign_ipv6_address_on_creation":false,"availability_zone":"eu-west-1b","cidr_block":"10.0.1.0/24","ipv6_cidr_block":null,"map_public_ip_on_launch":false,"outpost_arn":null,"tags":{"Environment":"acc","Name":"acc_public_subnet_eu-west-1b"},"timeouts":null,"vpc_id":"module.ecs.module.network.module.vpc.aws_vpc.vpc.id"},"after_unknown":{"arn":true,"availability_zone_id":true,"id":true,"ipv6_cidr_block_association_id":true,"owner_id":true,"tags":{}}}},{"address":"module.ecs.module.network.module.vpc.aws_internet_gateway.vpc","module_address":"module.ecs.module.network.module.vpc","mode":"managed","type":"aws_internet_gateway","name":"vpc","provider_name":"aws","change":{"actions":["create"],"before":null,"after":{"tags":{"Environment":"acc"},"vpc_id":"module.ecs.module.network.module.vpc.aws_vpc.vpc.id"},"after_unknown":{"arn":true,"id":true,"owner_id":true,"tags":{}}}},{"address":"module.ecs.module.network.module.vpc.aws_vpc.vpc","module_address":"module.ecs.module.network.module.vpc","mode":"managed","type":"aws_vpc","name":"vpc","provider_name":"aws","change":{"actions":["create"],"before":null,"after":{"assign_generated_ipv6_cidr_block":false,"cidr_block":"10.0.0.0/16","enable_dns_hostnames":true,"enable_dns_support":true,"instance_tenancy":"default","tags":{"Environment":"acc","Name":"acc"}},"after_unknown":{"arn":true,"default_network_acl_id":true,"default_route_table_id":true,"default_security_group_id":true,"dhcp_options_id":true,"enable_classiclink":true,"enable_classiclink_dns_support":true,"id":true,"ipv6_association_id":true,"ipv6_cidr_block":true,"main_route_table_id":true,"owner_id":true,"tags":{}}}},{"address":"module.ecs.module.network.null_resource.dummy_dependency","module_address":"module.ecs.module.network","mode":"managed","type":"null_resource","name":"dummy_dependency","provider_name":"null","change":{"actions":["create"],"before":null,"after":{"triggers":null},"after_unknown":{"id":true}}}],"output_changes":{"alb_security_group_id":{"actions":["create"],"before":null,"after":"module.ecs.module.alb.aws_security_group.alb.id","after_unknown":false},"cidr_block":{"actions":["create"],"before":null,"after":"10.0.0.0/16","after_unknown":false},"default_alb_target_group":{"actions":["create"],"before":null,"after":"module.ecs.module.alb.aws_alb_target_group.default.arn","after_unknown":false},"depends_id":{"actions":["create"],"before":null,"after":"module.ecs.module.network.null_resource.dummy_dependency.id","after_unknown":false},"ecs_instance_security_group_id":{"actions":["create"],"before":null,"after":"module.ecs.module.ecs_instances.aws_security_group.instance.id","after_unknown":false},"id":{"actions":["create"],"before":null,"after":"module.ecs.module.network.module.vpc.aws_vpc.vpc.id","after_unknown":false},"ids":{"actions":["create"],"before":null,"after":["module.ecs.module.network.module.nat.aws_nat_gateway.nat[0].id","module.ecs.module.network.module.nat.aws_nat_gateway.nat[1].id"],"after_unknown":false},"igw":{"actions":["create"],"before":null,"after":"module.ecs.module.network.module.vpc.aws_internet_gateway.vpc.id","after_unknown":false},"private_subnet_ids":{"actions":["create"],"before":null,"after":["module.ecs.module.network.module.private_subnet.aws_subnet.subnet[0].id","module.ecs.module.network.module.private_subnet.aws_subnet.subnet[1].id"],"after_unknown":false},"public_subnet_ids":{"actions":["create"],"before":null,"after":["module.ecs.module.network.module.public_subnet.aws_subnet.subnet[0].id","module.ecs.module.network.module.public_subnet.aws_subnet.subnet[1].id"],"after_unknown":false},"route_table_ids":{"actions":["create"],"before":null,"after":["module.ecs.module.network.module.public_subnet.aws_route_table.subnet[0].id","module.ecs.module.network.module.public_subnet.aws_route_table.subnet[1].id"],"after_unknown":false},"vpc_cidr":{"actions":["create"],"before":null,"after":"10.0.0.0/16","after_unknown":false},"vpc_id":{"actions":["create"],"before":null,"after":"module.ecs.module.network.module.vpc.aws_vpc.vpc.id","after_unknown":false}},"prior_state":{"format_version":"0.1","terraform_version":"0.12.29","values":{"root_module":{}}},"configuration":{"provider_config":{"aws":{"name":"aws","expressions":{"region":{"constant_value":"eu-west-1"}}}},"root_module":{"outputs":{"default_alb_target_group":{"expression":{"references":["module.ecs.default_alb_target_group"]}}},"resources":[{"address":"aws_key_pair.ecs","mode":"managed","type":"aws_key_pair","name":"ecs","provider_config_key":"aws","expressions":{"key_name":{"references":["var.environment"]},"public_key":{"constant_value":"ssh-rsa AAAAB3NzaC1yc2EAAAADAQABAAABAQCtMljjj0Ccxux5Mssqraa/iHHxheW+m0Rh17fbd8t365y9EwBn00DN/0PjdU2CK6bjxwy8BNGXWoUXiSDDtGqRupH6e9J012yE5kxhpXnnkIcLGjkAiflDBVV4sXS4b3a2LSXL5Dyb93N2GdnJ03FJM4qDJ8lfDQxb38eYHytZkmxW14xLoyW5Hbyr3SXhdHC2/ecdp5nLNRwRWiW6g9OA6jTQ3LgeOZoM6dK4ltJUQOakKjiHsE+jvmO0hJYQN7+5gYOw0HHsM+zmATvSipAWzoWBWcmBxAbcdW0R0KvCwjylCyRVbRMRbSZ/c4idZbFLZXRb7ZJkqNJuy99+ld41 ecs@aws.fake"}},"schema_version":1,"raw_data":{"FileName":"ecs.tf","StartLine":23,"EndLine":26}}],"module_calls":{"ecs":{"source":"./modules/ecs","expressions":{"availability_zones":{"references":["var.availability_zones"]},"cloudwatch_prefix":{"references":["var.environment"]},"cluster":{"references":["var.environment"]},"desired_capacity":{"references":["var.desired_capacity"]},"ecs_aws_ami":{"references":["var.ecs_aws_ami"]},"environment":{"references":["var.environment"]},"instance_type":{"references":["var.instance_type"]},"key_name":{"references":["aws_key_pair.ecs"]},"max_size":{"references":["var.max_size"]},"min_size":{"references":["var.min_size"]},"private_subnet_cidrs":{"references":["var.private_subnet_cidrs"]},"public_subnet_cidrs":{"references":["var.public_subnet_cidrs"]},"vpc_cidr":{"references":["var.vpc_cidr"]}},"module":{"outputs":{"default_alb_target_group":{"expression":{"references":["module.alb.default_alb_target_group"]}}},"resources":[{"address":"aws_ecs_cluster.cluster","mode":"managed","type":"aws_ecs_cluster","name":"cluster","provider_config_key":"ecs:aws","expressions":{"name":{"references":["var.cluster"]}},"schema_version":0,"raw_data":{"FileName":"modules/ecs/main.tf","StartLine":32,"EndLine":34}},{"address":"aws_iam_instance_profile.ecs","mode":"managed","type":"aws_iam_instance_profile","name":"ecs","provider_config_key":"ecs:aws","expressions":{"name":{"references":["var.environment"]},"path":{"constant_value":"/"},"role":{"references":["aws_iam_role.ecs_instance_role"]}},"schema_version":0,"raw_data":{"FileName":"modules/ecs/instance_policy.tf","StartLine":24,"EndLine":28}},{"address":"aws_iam_role.ecs_instance_role","mode":"managed","type":"aws_iam_role","name":"ecs_instance_role","provider_config_key":"ecs:aws","expressions":{"assume_role_policy":{"constant_value":"{\n  \"Version\": \"2008-10-17\",\n  \"Statement\": [\n    {\n      \"Action\": \"sts:AssumeRole\",\n      \"Principal\": {\n        \"Service\": [\"ec2.amazonaws.com\"]\n      },\n      \"Effect\": \"Allow\"\n    }\n  ]\n}\n"},"name":{"references":["var.environment"]}},"schema_version":0,"raw_data":{"FileName":"modules/ecs/instance_policy.tf","StartLine":5,"EndLine":22}},{"address":"aws_iam_role.ecs_lb_role","mode":"managed","type":"aws_iam_role","name":"ecs_lb_role","provider_config_key":"ecs:aws","expressions":{"assume_role_policy":{"constant_value":"{\n  \"Version\": \"2008-10-17\",\n  \"Statement\": [\n    {\n      \"Action\": \"sts:AssumeRole\",\n      \"Principal\": {\n        \"Service\": [\"ecs.amazonaws.com\"]\n      },\n      \"Effect\": \"Allow\"\n    }\n  ]\n}\n"},"name":{"references":["var.environment"]},"path":{"constant_value":"/ecs/"}},"schema_version":0,"raw_data":{"FileName":"modules/ecs/loadbalancer_policy.tf","StartLine":1,"EndLine":19}},{"address":"aws_iam_role_policy_attachment.ecs_ec2_cloudwatch_role","mode":"managed","type":"aws_iam_role_policy_attachment","name":"ecs_ec2_cloudwatch_role","provider_config_key":"ecs:aws","expressions":{"policy_arn":{"constant_value":"arn:aws:iam::aws:policy/CloudWatchLogsFullAccess"},"role":{"references":["aws_iam_role.ecs_instance_role"]}},"schema_version":0,"raw_data":{"FileName":"modules/ecs/instance_policy.tf","StartLine":35,"EndLine":38}},{"address":"aws_iam_role_policy_attachment.ecs_ec2_role","mode":"managed","type":"aws_iam_role_policy_attachment","name":"ecs_ec2_role","provider_config_key":"ecs:aws","expressions":{"policy_arn":{"constant_value":"arn:aws:iam::aws:policy/service-role/AmazonEC2ContainerServiceforEC2Role"},"role":{"references":["aws_iam_role.ecs_instance_role"]}},"schema_version":0,"raw_data":{"FileName":"modules/ecs/instance_policy.tf","StartLine":30,"EndLine":33}},{"address":"aws_iam_role_policy_attachment.ecs_lb","mode":"managed","type":"aws_iam_role_policy_attachment","name":"ecs_lb","provider_config_key":"ecs:aws","expressions":{"policy_arn":{"constant_value":"arn:aws:iam::aws:policy/service-role/AmazonEC2ContainerServiceRole"},"role":{"references":["aws_iam_role.ecs_lb_role"]}},"schema_version":0,"raw_data":{"FileName":"modules/ecs/loadbalancer_policy.tf","StartLine":21,"EndLine":24}},{"address":"aws_security_group_rule.alb_to_ecs","mode":"managed","type":"aws_security_group_rule","name":"alb_to_ecs","provider_config_key":"ecs:aws","expressions":{"from_port":{"constant_value":32768},"protocol":{"constant_value":"TCP"},"security_group_id":{"references":["module.ecs_instances.ecs_instance_security_group_id"]},"source_security_group_id":{"references":["module.alb.alb_security_group_id"]},"to_port":{"constant_value":61000},"type":{"constant_value":"ingress"}},"schema_version":2,"raw_data":{"FileName":"modules/ecs/alb.tf","StartLine":10,"EndLine":17}}],"module_calls":{"alb":{"source":"../alb","expressions":{"alb_name":{"references":["var.environment","var.cluster"]},"environment":{"references":["var.environment"]},"public_subnet_ids":{"references":["module.network.public_subnet_ids"]},"vpc_id":{"references":["module.network.vpc_id"]}},"module":{"outputs":{"alb_security_group_id":{"expression":{"references":["aws_security_group.alb"]}},"default_alb_target_group":{"expression":{"references":["aws_alb_target_group.default"]}}},"resources":[{"address":"aws_alb.alb","mode":"managed","type":"aws_alb","name":"alb","provider_config_key":"alb:aws","expressions":{"name":{"references":["var.alb_name"]},"security_groups":{"references":["aws_security_group.alb"]},"subnets":{"references":["var.public_subnet_ids"]},"tags":{"references":["var.environment"]}},"schema_version":0,"raw_data":{"FileName":"modules/alb/main.tf","StartLine":20,"EndLine":28}},{"address":"aws_alb_listener.http","mode":"managed","type":"aws_alb_listener","name":"http","provider_config_key":"alb:aws","expressions":{"default_action":[{"target_group_arn":{"references":["aws_alb_target_group.default"]},"type":{"constant_value":"forward"}}],"load_balancer_arn":{"references":["aws_alb.alb"]},"port":{"constant_value":"80"},"protocol":{"constant_value":"HTTP"}},"schema_version":0,"raw_data":{"FileName":"modules/alb/main.tf","StartLine":30,"EndLine":39}},{"address":"aws_alb_target_group.default","mode":"managed","type":"aws_alb_target_group","name":"default","provider_config_key":"alb:aws","expressions":{"deregistration_delay":{"references":["var.deregistration_delay"]},"health_check":[{"path":{"references":["var.health_check_path"]},"protocol":{"constant_value":"HTTP"}}],"name":{"references":["var.alb_name"]},"port":{"constant_value":80},"protocol":{"constant_value":"HTTP"},"tags":{"references":["var.environment"]},"vpc_id":{"references":["var.vpc_id"]}},"schema_version":0,"raw_data":{"FileName":"modules/alb/main.tf","StartLine":3,"EndLine":18}},{"address":"aws_security_group.alb","mode":"managed","type":"aws_security_group","name":"alb","provider_config_key":"alb:aws","expressions":{"name":{"references":["var.alb_name"]},"tags":{"references":["var.environment"]},"vpc_id":{"references":["var.vpc_id"]}},"schema_version":1,"raw_data":{"FileName":"modules/alb/main.tf","StartLine":41,"EndLine":48}},{"address":"aws_security_group_rule.https_from_anywhere","mode":"managed","type":"aws_security_group_rule","name":"https_from_anywhere","provider_config_key":"alb:aws","expressions":{"cidr_blocks":{"references":["var.allow_cidr_block"]},"from_port":{"constant_value":80},"protocol":{"constant_value":"TCP"},"security_group_id":{"references":["aws_security_group.alb"]},"to_port":{"constant_value":80},"type":{"constant_value":"ingress"}},"schema_version":2,"raw_data":{"FileName":"modules/alb/main.tf","StartLine":50,"EndLine":57}},{"address":"aws_security_group_rule.outbound_internet_access","mode":"managed","type":"aws_security_group_rule","name":"outbound_internet_access","provider_config_key":"alb:aws","expressions":{"cidr_blocks":{"constant_value":["0.0.0.0/0"]},"from_port":{"constant_value":0},"protocol":{"constant_value":"-1"},"security_group_id":{"references":["aws_security_group.alb"]},"to_port":{"constant_value":0},"type":{"constant_value":"egress"}},"schema_version":2,"raw_data":{"FileName":"modules/alb/main.tf","StartLine":59,"EndLine":66}}],"variables":{"alb_name":{"default":"default","description":"The name of the loadbalancer"},"allow_cidr_block":{"default":["0.0.0.0/0"],"description":"Specify cidr block that is allowed to access the LoadBalancer"},"deregistration_delay":{"default":"300","description":"The default deregistration delay"},"environment":{"description":"The name of the environment"},"health_check_path":{"default":"/","description":"The default health check path"},"public_subnet_ids":{"description":"List of public subnet ids to place the loadbalancer in"},"vpc_id":{"description":"The VPC id"}}},"raw_data":{"FileName":"modules/ecs/alb.tf","StartLine":1,"EndLine":8}},"ecs_instances":{"source":"../ecs_instances","expressions":{"aws_ami":{"references":["var.ecs_aws_ami"]},"cloudwatch_prefix":{"references":["var.cloudwatch_prefix"]},"cluster":{"references":["var.cluster"]},"custom_userdata":{"references":["var.custom_userdata"]},"depends_id":{"references":["module.network.depends_id"]},"desired_capacity":{"references":["var.desired_capacity"]},"environment":{"references":["var.environment"]},"iam_instance_profile_id":{"references":["aws_iam_instance_profile.ecs"]},"instance_group":{"references":["var.instance_group"]},"instance_type":{"references":["var.instance_type"]},"key_name":{"references":["var.key_name"]},"load_balancers":{"references":["var.load_balancers"]},"max_size":{"references":["var.max_size"]},"min_size":{"references":["var.min_size"]},"private_subnet_ids":{"references":["module.network.private_subnet_ids"]},"vpc_id":{"references":["module.network.vpc_id"]}},"module":{"outputs":{"ecs_instance_security_group_id":{"expression":{"references":["aws_security_group.instance"]}}},"resources":[{"address":"aws_autoscaling_group.asg","mode":"managed","type":"aws_autoscaling_group","name":"asg","provider_config_key":"ecs_instances:aws","expressions":{"desired_capacity":{"references":["var.desired_capacity"]},"force_delete":{"constant_value":true},"launch_configuration":{"references":["aws_launch_configuration.launch"]},"load_balancers":{"references":["var.load_balancers"]},"max_size":{"references":["var.max_size"]},"min_size":{"references":["var.min_size"]},"name":{"references":["var.environment","var.cluster","var.instance_group"]},"tag":[{"key":{"constant_value":"Name"},"propagate_at_launch":{"constant_value":"true"},"value":{"references":["var.environment","var.cluster","var.instance_group"]}},{"key":{"constant_value":"Environment"},"propagate_at_launch":{"constant_value":"true"},"value":{"references":["var.environment"]}},{"key":{"constant_value":"Cluster"},"propagate_at_launch":{"constant_value":"true"},"value":{"references":["var.cluster"]}},{"key":{"constant_value":"InstanceGroup"},"propagate_at_launch":{"constant_value":"true"},"value":{"references":["var.instance_group"]}},{"key":{"constant_value":"DependsId"},"propagate_at_launch":{"constant_value":"false"},"value":{"references":["var.depends_id"]}}],"vpc_zone_identifier":{"references":["var.private_subnet_ids"]}},"schema_version":0,"raw_data":{"FileName":"modules/ecs_instances/main.tf","StartLine":48,"EndLine":89}},{"address":"aws_cloudwatch_log_group.audit","mode":"managed","type":"aws_cloudwatch_log_group","name":"audit","provider_config_key":"ecs_instances:aws","expressions":{"name":{"references":["var.cloudwatch_prefix"]},"retention_in_days":{"constant_value":30}},"schema_version":0,"raw_data":{"FileName":"modules/ecs_instances/cloudwatch.tf","StartLine":26,"EndLine":29}},{"address":"aws_cloudwatch_log_group.dmesg","mode":"managed","type":"aws_cloudwatch_log_group","name":"dmesg","provider_config_key":"ecs_instances:aws","expressions":{"name":{"references":["var.cloudwatch_prefix"]},"retention_in_days":{"constant_value":30}},"schema_version":0,"raw_data":{"FileName":"modules/ecs_instances/cloudwatch.tf","StartLine":6,"EndLine":9}},{"address":"aws_cloudwatch_log_group.docker","mode":"managed","type":"aws_cloudwatch_log_group","name":"docker","provider_config_key":"ecs_instances:aws","expressions":{"name":{"references":["var.cloudwatch_prefix"]},"retention_in_days":{"constant_value":30}},"schema_version":0,"raw_data":{"FileName":"modules/ecs_instances/cloudwatch.tf","StartLine":11,"EndLine":14}},{"address":"aws_cloudwatch_log_group.ecs-agent","mode":"managed","type":"aws_cloudwatch_log_group","name":"ecs-agent","provider_config_key":"ecs_instances:aws","expressions":{"name":{"references":["var.cloudwatch_prefix"]},"retention_in_days":{"constant_value":30}},"schema_version":0,"raw_data":{"FileName":"modules/ecs_instances/cloudwatch.tf","StartLine":16,"EndLine":19}},{"address":"aws_cloudwatch_log_group.ecs-init","mode":"managed","type":"aws_cloudwatch_log_group","name":"ecs-init","provider_config_key":"ecs_instances:aws","expressions":{"name":{"references":["var.cloudwatch_prefix"]},"retention_in_days":{"constant_value":30}},"schema_version":0,"raw_data":{"FileName":"modules/ecs_instances/cloudwatch.tf","StartLine":21,"EndLine":24}},{"address":"aws_cloudwatch_log_group.messages","mode":"managed","type":"aws_cloudwatch_log_group","name":"messages","provider_config_key":"ecs_instances:aws","expressions":{"name":{"references":["var.cloudwatch_prefix"]},"retention_in_days":{"constant_value":30}},"schema_version":0,"raw_data":{"FileName":"modules/ecs_instances/cloudwatch.tf","StartLine":31,"EndLine":34}},{"address":"aws_launch_configuration.launch","mode":"managed","type":"aws_launch_configuration","name":"launch","provider_config_key":"ecs_instances:aws","expressions":{"iam_instance_profile":{"references":["var.iam_instance_profile_id"]},"image_id":{"references":["var.aws_ami"]},"instance_type":{"references":["var.instance_type"]},"key_name":{"references":["var.key_name"]},"name_prefix":{"references":["var.environment","var.cluster","var.instance_group"]},"security_groups":{"references":["aws_security_group.instance"]},"user_data":{"references":["data.template_file.user_data"]}},"schema_version":0,"raw_data":{"FileName":"modules/ecs_instances/main.tf","StartLine":30,"EndLine":45}},{"address":"aws_security_group.instance","mode":"managed","type":"aws_security_group","name":"instance","provider_config_key":"ecs_instances:aws","expressions":{"description":{"references":["var.environment"]},"name":{"references":["var.environment","var.cluster","var.instance_group"]},"tags":{"references":["var.environment","var.cluster","var.instance_group"]},"vpc_id":{"references":["var.vpc_id"]}},"schema_version":1,"raw_data":{"FileName":"modules/ecs_instances/main.tf","StartLine":6,"EndLine":16}},{"address":"aws_security_group_rule.outbound_internet_access","mode":"managed","type":"aws_security_group_rule","name":"outbound_internet_access","provider_config_key":"ecs_instances:aws","expressions":{"cidr_blocks":{"constant_value":["0.0.0.0/0"]},"from_port":{"constant_value":0},"protocol":{"constant_value":"-1"},"security_group_id":{"references":["aws_security_group.instance"]},"to_port":{"constant_value":0},"type":{"constant_value":"egress"}},"schema_version":2,"raw_data":{"FileName":"modules/ecs_instances/main.tf","StartLine":20,"EndLine":27}},{"address":"data.template_file.user_data","mode":"data","type":"template_file","name":"user_data","provider_config_key":"ecs_instances:template","expressions":{"template":{"references":["path.module"]},"vars":{"references":["var.ecs_config","var.ecs_logging","var.cluster","var.environment","var.custom_userdata","var.cloudwatch_prefix"]}},"schema_version":0,"raw_data":{"FileName":"modules/ecs_instances/main.tf","StartLine":91,"EndLine":102}}],"variables":{"aws_ami":{"description":"The AWS ami id to use"},"cloudwatch_prefix":{"default":"","description":"If you want to avoid cloudwatch collision or you don't want to merge all logs to one log group specify a prefix"},"cluster":{"description":"The name of the cluster"},"custom_userdata":{"default":"","description":"Inject extra command in the instance template to be run on boot"},"depends_id":{"description":"Workaround to wait for the NAT gateway to finish before starting the instances"},"desired_capacity":{"default":1,"description":"The desired capacity of the cluster"},"ecs_config":{"default":"echo '' \u003e /etc/ecs/ecs.config","description":"Specify ecs configuration or get it from S3. Example: aws s3 cp s3://some-bucket/ecs.config /etc/ecs/ecs.config"},"ecs_logging":{"default":"[\"json-file\",\"awslogs\"]","description":"Adding logging option to ECS that the Docker containers can use. It is possible to add fluentd as well"},"environment":{"description":"The name of the environment"},"iam_instance_profile_id":{"description":"The id of the instance profile that should be used for the instances"},"instance_group":{"default":"default","description":"The name of the instances that you consider as a group"},"instance_type":{"default":"t2.micro","description":"AWS instance type to use"},"key_name":{"description":"SSH key name to be used"},"load_balancers":{"default":[],"description":"The load balancers to couple to the instances. Only used when NOT using ALB"},"max_size":{"default":1,"description":"Maximum size of the nodes in the cluster"},"min_size":{"default":1,"description":"Minimum size of the nodes in the cluster"},"private_subnet_ids":{"description":"The list of private subnets to place the instances in"},"vpc_id":{"description":"The VPC id"}}},"raw_data":{"FileName":"modules/ecs/main.tf","StartLine":11,"EndLine":30}},"network":{"source":"../network","expressions":{"availability_zones":{"references":["var.availability_zones"]},"depends_id":{"constant_value":""},"environment":{"references":["var.environment"]},"private_subnet_cidrs":{"references":["var.private_subnet_cidrs"]},"public_subnet_cidrs":{"references":["var.public_subnet_cidrs"]},"vpc_cidr":{"references":["var.vpc_cidr"]}},"module":{"outputs":{"depends_id":{"expression":{"references":["null_resource.dummy_dependency"]}},"private_subnet_ids":{"expression":{"references":["module.private_subnet.ids"]}},"public_subnet_ids":{"expression":{"references":["module.public_subnet.ids"]}},"vpc_cidr":{"expression":{"references":["module.vpc.cidr_block"]}},"vpc_id":{"expression":{"references":["module.vpc.id"]}}},"resources":[{"address":"aws_route.private_nat_route","mode":"managed","type":"aws_route","name":"private_nat_route","provider_config_key":"network:aws","expressions":{"destination_cidr_block":{"references":["var.destination_cidr_block"]},"nat_gateway_id":{"references":["module.nat.ids","count.index"]},"route_table_id":{"references":["module.private_subnet.route_table_ids","count.index"]}},"schema_version":0,"count_expression":{"references":["var.private_subnet_cidrs"]},"raw_data":{"FileName":"modules/network/main.tf","StartLine":42,"EndLine":47}},{"address":"aws_route.public_igw_route","mode":"managed","type":"aws_route","name":"public_igw_route","provider_config_key":"network:aws","expressions":{"destination_cidr_block":{"references":["var.destination_cidr_block"]},"gateway_id":{"references":["module.vpc.igw"]},"route_table_id":{"references":["module.public_subnet.route_table_ids","count.index"]}},"schema_version":0,"count_expression":{"references":["var.public_subnet_cidrs"]},"raw_data":{"FileName":"modules/network/main.tf","StartLine":35,"EndLine":40}},{"address":"null_resource.dummy_dependency","mode":"managed","type":"null_resource","name":"dummy_dependency","provider_config_key":"network:null","schema_version":0,"depends_on":["module.nat"],"raw_data":{"FileName":"modules/network/main.tf","StartLine":54,"EndLine":56}}],"module_calls":{"nat":{"source":"../nat_gateway","expressions":{"subnet_count":{"references":["var.public_subnet_cidrs"]},"subnet_ids":{"references":["module.public_subnet.ids"]}},"module":{"outputs":{"ids":{"expression":{"references":["aws_nat_gateway.nat"]}}},"resources":[{"address":"aws_eip.nat","mode":"managed","type":"aws_eip","name":"nat","provider_config_key":"nat:aws","expressions":{"vpc":{"constant_value":true}},"schema_version":0,"count_expression":{"references":["var.subnet_count"]},"raw_data":{"FileName":"modules/nat_gateway/main.tf","StartLine":10,"EndLine":13}},{"address":"aws_nat_gateway.nat","mode":"managed","type":"aws_nat_gateway","name":"nat","provider_config_key":"nat:aws","expressions":{"allocation_id":{"references":["aws_eip.nat","count.index"]},"subnet_id":{"references":["var.subnet_ids","count.index"]}},"schema_version":0,"count_expression":{"references":["var.subnet_count"]},"raw_data":{"FileName":"modules/nat_gateway/main.tf","StartLine":4,"EndLine":8}}],"variables":{"subnet_count":{"description":"Size of the subnet_ids. This needs to be provided because: value of 'count' cannot be computed"},"subnet_ids":{"description":"List of subnets in which to place the NAT Gateway"}}},"raw_data":{"FileName":"modules/network/main.tf","StartLine":28,"EndLine":33}},"private_subnet":{"source":"../subnet","expressions":{"availability_zones":{"references":["var.availability_zones"]},"cidrs":{"references":["var.private_subnet_cidrs"]},"environment":{"references":["var.environment"]},"name":{"references":["var.environment"]},"vpc_id":{"references":["module.vpc.id"]}},"module":{"outputs":{"ids":{"expression":{"references":["aws_subnet.subnet"]}},"route_table_ids":{"expression":{"references":["aws_route_table.subnet"]}}},"resources":[{"address":"aws_route_table.subnet","mode":"managed","type":"aws_route_table","name":"subnet","provider_config_key":"private_subnet:aws","expressions":{"tags":{"references":["var.name","var.availability_zones","count.index","var.environment"]},"vpc_id":{"references":["var.vpc_id"]}},"schema_version":0,"count_expression":{"references":["var.cidrs"]},"raw_data":{"FileName":"modules/subnet/main.tf","StartLine":18,"EndLine":26}},{"address":"aws_route_table_association.subnet","mode":"managed","type":"aws_route_table_association","name":"subnet","provider_config_key":"private_subnet:aws","expressions":{"route_table_id":{"references":["aws_route_table.subnet","count.index"]},"subnet_id":{"references":["aws_subnet.subnet","count.index"]}},"schema_version":0,"count_expression":{"references":["var.cidrs"]},"raw_data":{"FileName":"modules/subnet/main.tf","StartLine":28,"EndLine":32}},{"address":"aws_subnet.subnet","mode":"managed","type":"aws_subnet","name":"subnet","provider_config_key":"private_subnet:aws","expressions":{"availability_zone":{"references":["var.availability_zones","count.index"]},"cidr_block":{"references":["var.cidrs","count.index"]},"tags":{"references":["var.name","var.availability_zones","count.index","var.environment"]},"vpc_id":{"references":["var.vpc_id"]}},"schema_version":1,"count_expression":{"references":["var.cidrs"]},"raw_data":{"FileName":"modules/subnet/main.tf","StartLine":3,"EndLine":13}}],"variables":{"availability_zones":{"description":"List of avalibility zones you want. Example: eu-west-1a and eu-west-1b"},"cidrs":{"description":"List of cidrs, for every avalibility zone you want you need one. Example: 10.0.0.0/24 and 10.0.1.0/24"},"environment":{"description":"The name of the environment"},"name":{"description":"Name of the subnet, actual name will be, for example: name_eu-west-1a"},"vpc_id":{"description":"VPC id to place to subnet into"}}},"raw_data":{"FileName":"modules/network/main.tf","StartLine":8,"EndLine":16}},"public_subnet":{"source":"../subnet","expressions":{"availability_zones":{"references":["var.availability_zones"]},"cidrs":{"references":["var.public_subnet_cidrs"]},"environment":{"references":["var.environment"]},"name":{"references":["var.environment"]},"vpc_id":{"references":["module.vpc.id"]}},"module":{"outputs":{"ids":{"expression":{"references":["aws_subnet.subnet"]}},"route_table_ids":{"expression":{"references":["aws_route_table.subnet"]}}},"resources":[{"address":"aws_route_table.subnet","mode":"managed","type":"aws_route_table","name":"subnet","provider_config_key":"public_subnet:aws","expressions":{"tags":{"references":["var.name","var.availability_zones","count.index","var.environment"]},"vpc_id":{"references":["var.vpc_id"]}},"schema_version":0,"count_expression":{"references":["var.cidrs"]},"raw_data":{"FileName":"modules/subnet/main.tf","StartLine":18,"EndLine":26}},{"address":"aws_route_table_association.subnet","mode":"managed","type":"aws_route_table_association","name":"subnet","provider_config_key":"public_subnet:aws","expressions":{"route_table_id":{"references":["aws_route_table.subnet","count.index"]},"subnet_id":{"references":["aws_subnet.subnet","count.index"]}},"schema_version":0,"count_expression":{"references":["var.cidrs"]},"raw_data":{"FileName":"modules/subnet/main.tf","StartLine":28,"EndLine":32}},{"address":"aws_subnet.subnet","mode":"managed","type":"aws_subnet","name":"subnet","provider_config_key":"public_subnet:aws","expressions":{"availability_zone":{"references":["var.availability_zones","count.index"]},"cidr_block":{"references":["var.cidrs","count.index"]},"tags":{"references":["var.name","var.availability_zones","count.index","var.environment"]},"vpc_id":{"references":["var.vpc_id"]}},"schema_version":1,"count_expression":{"references":["var.cidrs"]},"raw_data":{"FileName":"modules/subnet/main.tf","StartLine":3,"EndLine":13}}],"variables":{"availability_zones":{"description":"List of avalibility zones you want. Example: eu-west-1a and eu-west-1b"},"cidrs":{"description":"List of cidrs, for every avalibility zone you want you need one. Example: 10.0.0.0/24 and 10.0.1.0/24"},"environment":{"description":"The name of the environment"},"name":{"description":"Name of the subnet, actual name will be, for example: name_eu-west-1a"},"vpc_id":{"description":"VPC id to place to subnet into"}}},"raw_data":{"FileName":"modules/network/main.tf","StartLine":18,"EndLine":26}},"vpc":{"source":"../vpc","expressions":{"cidr":{"references":["var.vpc_cidr"]},"environment":{"references":["var.environment"]}},"module":{"outputs":{"cidr_block":{"expression":{"references":["aws_vpc.vpc"]}},"id":{"expression":{"references":["aws_vpc.vpc"]}},"igw":{"expression":{"references":["aws_internet_gateway.vpc"]}}},"resources":[{"address":"aws_internet_gateway.vpc","mode":"managed","type":"aws_internet_gateway","name":"vpc","provider_config_key":"vpc:aws","expressions":{"tags":{"references":["var.environment"]},"vpc_id":{"references":["aws_vpc.vpc"]}},"schema_version":0,"raw_data":{"FileName":"modules/vpc/main.tf","StartLine":11,"EndLine":17}},{"address":"aws_vpc.vpc","mode":"managed","type":"aws_vpc","name":"vpc","provider_config_key":"vpc:aws","expressions":{"cidr_block":{"references":["var.cidr"]},"enable_dns_hostnames":{"constant_value":true},"tags":{"references":["var.environment","var.environment"]}},"schema_version":1,"raw_data":{"FileName":"modules/vpc/main.tf","StartLine":1,"EndLine":9}}],"variables":{"cidr":{"description":"VPC cidr block. Example: 10.0.0.0/16"},"environment":{"description":"The name of the environment"}}},"raw_data":{"FileName":"modules/network/main.tf","StartLine":1,"EndLine":6}}},"variables":{"availability_zones":{"description":"List of avalibility zones you want. Example: eu-west-1a and eu-west-1b"},"depends_id":{},"destination_cidr_block":{"default":"0.0.0.0/0","description":"Specify all traffic to be routed either trough Internet Gateway or NAT to access the internet"},"environment":{"description":"The name of the environment"},"private_subnet_cidrs":{"description":"List of private cidrs, for every avalibility zone you want you need one. Example: 10.0.0.0/24 and 10.0.1.0/24"},"public_subnet_cidrs":{"description":"List of public cidrs, for every avalibility zone you want you need one. Example: 10.0.0.0/24 and 10.0.1.0/24"},"vpc_cidr":{"description":"VPC cidr block. Example: 10.0.0.0/16"}}},"raw_data":{"FileName":"modules/ecs/main.tf","StartLine":1,"EndLine":9}}},"variables":{"availability_zones":{"description":"List of avalibility zones you want. Example: eu-west-1a and eu-west-1b"},"cloudwatch_prefix":{"default":"","description":"If you want to avoid cloudwatch collision or you don't want to merge all logs to one log group specify a prefix"},"cluster":{"default":"default","description":"The name of the ECS cluster"},"custom_userdata":{"default":"","description":"Inject extra command in the instance template to be run on boot"},"desired_capacity":{"description":"The desired capacity of the cluster"},"ecs_aws_ami":{"description":"The AWS ami id to use for ECS"},"ecs_config":{"default":"echo '' \u003e /etc/ecs/ecs.config","description":"Specify ecs configuration or get it from S3. Example: aws s3 cp s3://some-bucket/ecs.config /etc/ecs/ecs.config"},"ecs_logging":{"default":"[\"json-file\",\"awslogs\"]","description":"Adding logging option to ECS that the Docker containers can use. It is possible to add fluentd as well"},"environment":{"description":"The name of the environment"},"instance_group":{"default":"default","description":"The name of the instances that you consider as a group"},"instance_type":{"description":"AWS instance type to use"},"key_name":{"description":"SSH key name to be used"},"load_balancers":{"default":[],"description":"The load balancers to couple to the instances"},"max_size":{"description":"Maximum size of the nodes in the cluster"},"min_size":{"description":"Minimum size of the nodes in the cluster"},"private_subnet_cidrs":{"description":"List of private cidrs, for every avalibility zone you want you need one. Example: 10.0.0.0/24 and 10.0.1.0/24"},"public_subnet_cidrs":{"description":"List of public cidrs, for every avalibility zone you want you need one. Example: 10.0.0.0/24 and 10.0.1.0/24"},"vpc_cidr":{"description":"VPC cidr block. Example: 10.0.0.0/16"}}},"raw_data":{"FileName":"ecs.tf","StartLine":5,"EndLine":21}}},"variables":{"availability_zones":{},"desired_capacity":{},"ecs_aws_ami":{},"environment":{},"instance_type":{},"max_size":{},"min_size":{},"private_subnet_cidrs":{},"public_subnet_cidrs":{},"vpc_cidr":{}}}}}
