{"format_version":"0.1","terraform_version":"0.12.29","planned_values":{"root_module":{"child_modules":[{"resources":[{"address":"module.test_module.aws_codebuild_project.project-cloudrail-test","mode":"managed","type":"aws_codebuild_project","name":"project-cloudrail-test","provider_name":"aws","schema_version":0,"values":{"artifacts":[{"artifact_identifier":null,"encryption_disabled":false,"location":null,"name":null,"namespace_type":null,"override_artifact_name":false,"packaging":null,"path":null,"type":"NO_ARTIFACTS"}],"badge_enabled":false,"build_timeout":5,"cache":[{"location":null,"modes":["LOCAL_DOCKER_LAYER_CACHE","LOCAL_SOURCE_CACHE"],"type":"LOCAL"}],"description":"project-cloudrail-test","encryption_key":"module.test_module.aws_kms_key.codebuild.arn","environment":[{"certificate":null,"compute_type":"BUILD_GENERAL1_SMALL","environment_variable":[{"name":"SOME_KEY1","type":"PLAINTEXT","value":"SOME_VALUE1"}],"image":"aws/codebuild/standard:1.0","image_pull_credentials_type":"CODEBUILD","privileged_mode":false,"registry_credential":[],"type":"LINUX_CONTAINER"}],"logs_config":[],"name":"project-cloudrail-test","queued_timeout":5,"secondary_artifacts":[],"secondary_sources":[],"service_role":"module.test_module.aws_iam_role.codebuild.arn","source":[{"auth":[],"buildspec":null,"git_clone_depth":1,"git_submodules_config":[],"insecure_ssl":null,"location":"https://github.com/mitchellh/packer.git","report_build_status":null,"type":"GITHUB"}],"source_version":null,"tags":null,"vpc_config":[]}},{"address":"module.test_module.aws_iam_role.codebuild","mode":"managed","type":"aws_iam_role","name":"codebuild","provider_name":"aws","schema_version":0,"values":{"assume_role_policy":"{\n  \"Version\": \"2012-10-17\",\n  \"Statement\": [\n    {\n      \"Effect\": \"Allow\",\n      \"Principal\": {\n        \"Service\": \"codebuild.amazonaws.com\"\n      },\n      \"Action\": \"sts:AssumeRole\"\n    }\n  ]\n}\n","description":null,"force_detach_policies":false,"max_session_duration":3600,"name":"codebuild-cloudrail-test","name_prefix":null,"path":"/","permissions_boundary":null,"tags":null}},{"address":"module.test_module.aws_kms_key.codebuild","mode":"managed","type":"aws_kms_key","name":"codebuild","provider_name":"aws","schema_version":0,"values":{"customer_master_key_spec":"SYMMETRIC_DEFAULT","deletion_window_in_days":7,"description":"KMS key for Codebuild project","enable_key_rotation":false,"is_enabled":true,"key_usage":"ENCRYPT_DECRYPT","tags":null}}],"address":"module.test_module"}]}},"resource_changes":[{"address":"module.test_module.aws_codebuild_project.project-cloudrail-test","module_address":"module.test_module","mode":"managed","type":"aws_codebuild_project","name":"project-cloudrail-test","provider_name":"aws","change":{"actions":["create"],"before":null,"after":{"artifacts":[{"artifact_identifier":null,"encryption_disabled":false,"location":null,"name":null,"namespace_type":null,"override_artifact_name":false,"packaging":null,"path":null,"type":"NO_ARTIFACTS"}],"badge_enabled":false,"build_timeout":5,"cache":[{"location":null,"modes":["LOCAL_DOCKER_LAYER_CACHE","LOCAL_SOURCE_CACHE"],"type":"LOCAL"}],"description":"project-cloudrail-test","encryption_key":"module.test_module.aws_kms_key.codebuild.arn","environment":[{"certificate":null,"compute_type":"BUILD_GENERAL1_SMALL","environment_variable":[{"name":"SOME_KEY1","type":"PLAINTEXT","value":"SOME_VALUE1"}],"image":"aws/codebuild/standard:1.0","image_pull_credentials_type":"CODEBUILD","privileged_mode":false,"registry_credential":[],"type":"LINUX_CONTAINER"}],"logs_config":[],"name":"project-cloudrail-test","queued_timeout":5,"secondary_artifacts":[],"secondary_sources":[],"service_role":"module.test_module.aws_iam_role.codebuild.arn","source":[{"auth":[],"buildspec":null,"git_clone_depth":1,"git_submodules_config":[],"insecure_ssl":null,"location":"https://github.com/mitchellh/packer.git","report_build_status":null,"type":"GITHUB"}],"source_version":null,"tags":null,"vpc_config":[]},"after_unknown":{"arn":true,"artifacts":[{}],"badge_url":true,"cache":[{"modes":[false,false]}],"environment":[{"environment_variable":[{}],"registry_credential":[]}],"id":true,"logs_config":[],"secondary_artifacts":[],"secondary_sources":[],"source":[{"auth":[],"git_submodules_config":[]}],"vpc_config":[]}}},{"address":"module.test_module.aws_iam_role.codebuild","module_address":"module.test_module","mode":"managed","type":"aws_iam_role","name":"codebuild","provider_name":"aws","change":{"actions":["create"],"before":null,"after":{"assume_role_policy":"{\n  \"Version\": \"2012-10-17\",\n  \"Statement\": [\n    {\n      \"Effect\": \"Allow\",\n      \"Principal\": {\n        \"Service\": \"codebuild.amazonaws.com\"\n      },\n      \"Action\": \"sts:AssumeRole\"\n    }\n  ]\n}\n","description":null,"force_detach_policies":false,"max_session_duration":3600,"name":"codebuild-cloudrail-test","name_prefix":null,"path":"/","permissions_boundary":null,"tags":null},"after_unknown":{"arn":true,"create_date":true,"id":true,"unique_id":true}}},{"address":"module.test_module.aws_kms_key.codebuild","module_address":"module.test_module","mode":"managed","type":"aws_kms_key","name":"codebuild","provider_name":"aws","change":{"actions":["create"],"before":null,"after":{"customer_master_key_spec":"SYMMETRIC_DEFAULT","deletion_window_in_days":7,"description":"KMS key for Codebuild project","enable_key_rotation":false,"is_enabled":true,"key_usage":"ENCRYPT_DECRYPT","tags":null},"after_unknown":{"arn":true,"id":true,"key_id":true,"policy":true}}}],"configuration":{"provider_config":{"aws":{"name":"aws","version_constraint":"2.70.0","expressions":{"region":{"constant_value":"us-east-1"}}},"test_module:aws":{"name":"aws","module_address":"test_module","expressions":{"region":{"constant_value":"us-east-1"}}}},"root_module":{"module_calls":{"test_module":{"source":"./codebuild/encrypted_new_customer_key","module":{"resources":[{"address":"aws_codebuild_project.project-cloudrail-test","mode":"managed","type":"aws_codebuild_project","name":"project-cloudrail-test","provider_config_key":"test_module:aws","expressions":{"artifacts":[{"type":{"constant_value":"NO_ARTIFACTS"}}],"build_timeout":{"constant_value":"5"},"cache":[{"modes":{"constant_value":["LOCAL_DOCKER_LAYER_CACHE","LOCAL_SOURCE_CACHE"]},"type":{"constant_value":"LOCAL"}}],"description":{"constant_value":"project-cloudrail-test"},"encryption_key":{"references":["aws_kms_key.codebuild"]},"environment":[{"compute_type":{"constant_value":"BUILD_GENERAL1_SMALL"},"environment_variable":[{"name":{"constant_value":"SOME_KEY1"},"value":{"constant_value":"SOME_VALUE1"}}],"image":{"constant_value":"aws/codebuild/standard:1.0"},"image_pull_credentials_type":{"constant_value":"CODEBUILD"},"type":{"constant_value":"LINUX_CONTAINER"}}],"name":{"constant_value":"project-cloudrail-test"},"queued_timeout":{"constant_value":"5"},"service_role":{"references":["aws_iam_role.codebuild"]},"source":[{"git_clone_depth":{"constant_value":1},"location":{"constant_value":"https://github.com/mitchellh/packer.git"},"type":{"constant_value":"GITHUB"}}]},"schema_version":0,"raw_data":{"FileName":"codebuild/encrypted_new_customer_key/main.tf","StartLine":30,"EndLine":64}},{"address":"aws_iam_role.codebuild","mode":"managed","type":"aws_iam_role","name":"codebuild","provider_config_key":"test_module:aws","expressions":{"assume_role_policy":{"constant_value":"{\n  \"Version\": \"2012-10-17\",\n  \"Statement\": [\n    {\n      \"Effect\": \"Allow\",\n      \"Principal\": {\n        \"Service\": \"codebuild.amazonaws.com\"\n      },\n      \"Action\": \"sts:AssumeRole\"\n    }\n  ]\n}\n"},"name":{"constant_value":"codebuild-cloudrail-test"}},"schema_version":0,"raw_data":{"FileName":"codebuild/encrypted_new_customer_key/main.tf","StartLine":11,"EndLine":28}},{"address":"aws_kms_key.codebuild","mode":"managed","type":"aws_kms_key","name":"codebuild","provider_config_key":"test_module:aws","expressions":{"deletion_window_in_days":{"constant_value":7},"description":{"constant_value":"KMS key for Codebuild project"}},"schema_version":0,"raw_data":{"FileName":"codebuild/encrypted_new_customer_key/main.tf","StartLine":5,"EndLine":8}}]},"raw_data":{"FileName":"main.tf","StartLine":7,"EndLine":9}}}}}}
