{"format_version":"0.1","terraform_version":"0.12.29","planned_values":{"root_module":{"resources":[{"address":"aws_instance.test","mode":"managed","type":"aws_instance","name":"test","provider_name":"aws","schema_version":1,"values":{"ami":"ami-07cda0db070313c52","associate_public_ip_address":true,"credit_specification":[],"disable_api_termination":null,"ebs_optimized":null,"get_password_data":false,"hibernation":null,"iam_instance_profile":null,"instance_initiated_shutdown_behavior":null,"instance_type":"t2.micro","monitoring":null,"source_dest_check":true,"subnet_id":"aws_subnet.subnet.id","tags":{"Name":"PublicAccessSecurityGroupsPort test - use case 2"},"timeouts":null,"user_data":null,"user_data_base64":null,"volume_tags":null,"vpc_security_group_ids":["aws_security_group.sg.id"]}},{"address":"aws_internet_gateway.igw","mode":"managed","type":"aws_internet_gateway","name":"igw","provider_name":"aws","schema_version":0,"values":{"tags":null,"vpc_id":"aws_vpc.vpc.id"}},{"address":"aws_network_acl.nondefault","mode":"managed","type":"aws_network_acl","name":"nondefault","provider_name":"aws","schema_version":0,"values":{"ingress":[{"action":"allow","cidr_block":"0.0.0.0/0","from_port":22,"icmp_code":null,"icmp_type":null,"ipv6_cidr_block":"","protocol":"tcp","rule_no":100,"to_port":22}],"subnet_ids":["aws_subnet.subnet.id"],"tags":null,"vpc_id":"aws_vpc.vpc.id"}},{"address":"aws_route_table.toinet","mode":"managed","type":"aws_route_table","name":"toinet","provider_name":"aws","schema_version":0,"values":{"route":[{"cidr_block":"0.0.0.0/0","egress_only_gateway_id":"","gateway_id":"aws_internet_gateway.igw.id","instance_id":"","ipv6_cidr_block":"","local_gateway_id":"","nat_gateway_id":"","network_interface_id":"","transit_gateway_id":"","vpc_endpoint_id":"","vpc_peering_connection_id":""}],"tags":null,"vpc_id":"aws_vpc.vpc.id"}},{"address":"aws_route_table_association.toinet","mode":"managed","type":"aws_route_table_association","name":"toinet","provider_name":"aws","schema_version":0,"values":{"gateway_id":null,"route_table_id":"aws_route_table.toinet.id","subnet_id":"aws_subnet.subnet.id"}},{"address":"aws_security_group.sg","mode":"managed","type":"aws_security_group","name":"sg","provider_name":"aws","schema_version":1,"values":{"description":"Managed by Terraform","ingress":[{"cidr_blocks":["0.0.0.0/0"],"description":"","from_port":22,"ipv6_cidr_blocks":[],"prefix_list_ids":[],"protocol":"tcp","security_groups":[],"self":false,"to_port":22}],"name_prefix":null,"revoke_rules_on_delete":false,"tags":null,"timeouts":null,"vpc_id":"aws_vpc.vpc.id"}},{"address":"aws_subnet.subnet","mode":"managed","type":"aws_subnet","name":"subnet","provider_name":"aws","schema_version":1,"values":{"assign_ipv6_address_on_creation":false,"cidr_block":"10.10.0.0/16","ipv6_cidr_block":null,"map_public_ip_on_launch":false,"outpost_arn":null,"tags":{"Name":"PublicAccessSecurityGroupsPort test - use case 2"},"timeouts":null,"vpc_id":"aws_vpc.vpc.id"}},{"address":"aws_vpc.vpc","mode":"managed","type":"aws_vpc","name":"vpc","provider_name":"aws","schema_version":1,"values":{"assign_generated_ipv6_cidr_block":false,"cidr_block":"10.10.0.0/16","enable_dns_support":true,"instance_tenancy":"default","tags":{"Name":"PublicAccessSecurityGroupsPort test - use case 2"}}}]}},"resource_changes":[{"address":"aws_instance.test","mode":"managed","type":"aws_instance","name":"test","provider_name":"aws","change":{"actions":["create"],"before":null,"after":{"ami":"ami-07cda0db070313c52","associate_public_ip_address":true,"credit_specification":[],"disable_api_termination":null,"ebs_optimized":null,"get_password_data":false,"hibernation":null,"iam_instance_profile":null,"instance_initiated_shutdown_behavior":null,"instance_type":"t2.micro","monitoring":null,"source_dest_check":true,"subnet_id":"aws_subnet.subnet.id","tags":{"Name":"PublicAccessSecurityGroupsPort test - use case 2"},"timeouts":null,"user_data":null,"user_data_base64":null,"volume_tags":null,"vpc_security_group_ids":["aws_security_group.sg.id"]},"after_unknown":{"arn":true,"availability_zone":true,"cpu_core_count":true,"cpu_threads_per_core":true,"credit_specification":[],"ebs_block_device":true,"enclave_options":true,"ephemeral_block_device":true,"host_id":true,"id":true,"instance_state":true,"ipv6_address_count":true,"ipv6_addresses":true,"key_name":true,"metadata_options":true,"network_interface":true,"outpost_arn":true,"password_data":true,"placement_group":true,"primary_network_interface_id":true,"private_dns":true,"private_ip":true,"public_dns":true,"public_ip":true,"root_block_device":true,"secondary_private_ips":true,"security_groups":true,"tags":{},"tenancy":true,"vpc_security_group_ids":[false]}}},{"address":"aws_internet_gateway.igw","mode":"managed","type":"aws_internet_gateway","name":"igw","provider_name":"aws","change":{"actions":["create"],"before":null,"after":{"tags":null,"vpc_id":"aws_vpc.vpc.id"},"after_unknown":{"arn":true,"id":true,"owner_id":true}}},{"address":"aws_network_acl.nondefault","mode":"managed","type":"aws_network_acl","name":"nondefault","provider_name":"aws","change":{"actions":["create"],"before":null,"after":{"ingress":[{"action":"allow","cidr_block":"0.0.0.0/0","from_port":22,"icmp_code":null,"icmp_type":null,"ipv6_cidr_block":"","protocol":"tcp","rule_no":100,"to_port":22}],"subnet_ids":["aws_subnet.subnet.id"],"tags":null,"vpc_id":"aws_vpc.vpc.id"},"after_unknown":{"arn":true,"egress":true,"id":true,"ingress":[{}],"owner_id":true,"subnet_ids":[false]}}},{"address":"aws_route_table.toinet","mode":"managed","type":"aws_route_table","name":"toinet","provider_name":"aws","change":{"actions":["create"],"before":null,"after":{"route":[{"cidr_block":"0.0.0.0/0","egress_only_gateway_id":"","gateway_id":"aws_internet_gateway.igw.id","instance_id":"","ipv6_cidr_block":"","local_gateway_id":"","nat_gateway_id":"","network_interface_id":"","transit_gateway_id":"","vpc_endpoint_id":"","vpc_peering_connection_id":""}],"tags":null,"vpc_id":"aws_vpc.vpc.id"},"after_unknown":{"id":true,"owner_id":true,"propagating_vgws":true,"route":[{}]}}},{"address":"aws_route_table_association.toinet","mode":"managed","type":"aws_route_table_association","name":"toinet","provider_name":"aws","change":{"actions":["create"],"before":null,"after":{"gateway_id":null,"route_table_id":"aws_route_table.toinet.id","subnet_id":"aws_subnet.subnet.id"},"after_unknown":{"id":true}}},{"address":"aws_security_group.sg","mode":"managed","type":"aws_security_group","name":"sg","provider_name":"aws","change":{"actions":["create"],"before":null,"after":{"description":"Managed by Terraform","ingress":[{"cidr_blocks":["0.0.0.0/0"],"description":"","from_port":22,"ipv6_cidr_blocks":[],"prefix_list_ids":[],"protocol":"tcp","security_groups":[],"self":false,"to_port":22}],"name_prefix":null,"revoke_rules_on_delete":false,"tags":null,"timeouts":null,"vpc_id":"aws_vpc.vpc.id"},"after_unknown":{"arn":true,"egress":true,"id":true,"ingress":[{"cidr_blocks":[false],"ipv6_cidr_blocks":[],"prefix_list_ids":[],"security_groups":[]}],"name":true,"owner_id":true}}},{"address":"aws_subnet.subnet","mode":"managed","type":"aws_subnet","name":"subnet","provider_name":"aws","change":{"actions":["create"],"before":null,"after":{"assign_ipv6_address_on_creation":false,"cidr_block":"10.10.0.0/16","ipv6_cidr_block":null,"map_public_ip_on_launch":false,"outpost_arn":null,"tags":{"Name":"PublicAccessSecurityGroupsPort test - use case 2"},"timeouts":null,"vpc_id":"aws_vpc.vpc.id"},"after_unknown":{"arn":true,"availability_zone":true,"availability_zone_id":true,"id":true,"ipv6_cidr_block_association_id":true,"owner_id":true,"tags":{}}}},{"address":"aws_vpc.vpc","mode":"managed","type":"aws_vpc","name":"vpc","provider_name":"aws","change":{"actions":["create"],"before":null,"after":{"assign_generated_ipv6_cidr_block":false,"cidr_block":"10.10.0.0/16","enable_dns_support":true,"instance_tenancy":"default","tags":{"Name":"PublicAccessSecurityGroupsPort test - use case 2"}},"after_unknown":{"arn":true,"default_network_acl_id":true,"default_route_table_id":true,"default_security_group_id":true,"dhcp_options_id":true,"enable_classiclink":true,"enable_classiclink_dns_support":true,"enable_dns_hostnames":true,"id":true,"ipv6_association_id":true,"ipv6_cidr_block":true,"main_route_table_id":true,"owner_id":true,"tags":{}}}}],"configuration":{"provider_config":{"aws":{"name":"aws","expressions":{"region":{"constant_value":"eu-west-2"}}}},"root_module":{"resources":[{"address":"aws_instance.test","mode":"managed","type":"aws_instance","name":"test","provider_config_key":"aws","expressions":{"ami":{"constant_value":"ami-07cda0db070313c52"},"associate_public_ip_address":{"constant_value":true},"instance_type":{"constant_value":"t2.micro"},"subnet_id":{"references":["aws_subnet.subnet"]},"tags":{"references":["local.test_name"]},"vpc_security_group_ids":{"references":["aws_security_group.sg"]}},"schema_version":1,"raw_data":{"FileName":"main.tf","StartLine":69,"EndLine":79}},{"address":"aws_internet_gateway.igw","mode":"managed","type":"aws_internet_gateway","name":"igw","provider_config_key":"aws","expressions":{"vpc_id":{"references":["aws_vpc.vpc"]}},"schema_version":0,"raw_data":{"FileName":"main.tf","StartLine":52,"EndLine":54}},{"address":"aws_network_acl.nondefault","mode":"managed","type":"aws_network_acl","name":"nondefault","provider_config_key":"aws","expressions":{"subnet_ids":{"references":["aws_subnet.subnet"]},"vpc_id":{"references":["aws_vpc.vpc"]}},"schema_version":0,"raw_data":{"FileName":"main.tf","StartLine":29,"EndLine":40}},{"address":"aws_route_table.toinet","mode":"managed","type":"aws_route_table","name":"toinet","provider_config_key":"aws","expressions":{"vpc_id":{"references":["aws_vpc.vpc"]}},"schema_version":0,"raw_data":{"FileName":"main.tf","StartLine":56,"EndLine":62}},{"address":"aws_route_table_association.toinet","mode":"managed","type":"aws_route_table_association","name":"toinet","provider_config_key":"aws","expressions":{"route_table_id":{"references":["aws_route_table.toinet"]},"subnet_id":{"references":["aws_subnet.subnet"]}},"schema_version":0,"raw_data":{"FileName":"main.tf","StartLine":64,"EndLine":67}},{"address":"aws_security_group.sg","mode":"managed","type":"aws_security_group","name":"sg","provider_config_key":"aws","expressions":{"vpc_id":{"references":["aws_vpc.vpc"]}},"schema_version":1,"raw_data":{"FileName":"main.tf","StartLine":42,"EndLine":50}},{"address":"aws_subnet.subnet","mode":"managed","type":"aws_subnet","name":"subnet","provider_config_key":"aws","expressions":{"cidr_block":{"references":["local.cidr_block"]},"tags":{"references":["local.test_name"]},"vpc_id":{"references":["aws_vpc.vpc"]}},"schema_version":1,"raw_data":{"FileName":"main.tf","StartLine":20,"EndLine":27}},{"address":"aws_vpc.vpc","mode":"managed","type":"aws_vpc","name":"vpc","provider_config_key":"aws","expressions":{"cidr_block":{"references":["local.cidr_block"]},"tags":{"references":["local.test_name"]}},"schema_version":1,"raw_data":{"FileName":"main.tf","StartLine":12,"EndLine":18}}]}}}
