{"format_version":"0.1","terraform_version":"0.12.29","planned_values":{"root_module":{"resources":[{"address":"aws_instance.test-ec2-instance","mode":"managed","type":"aws_instance","name":"test-ec2-instance","provider_name":"aws","schema_version":1,"values":{"ami":"ami-09943f9da1f1b7899","credit_specification":[],"disable_api_termination":null,"ebs_optimized":null,"get_password_data":false,"hibernation":null,"iam_instance_profile":null,"instance_initiated_shutdown_behavior":null,"instance_type":"t2.micro","monitoring":null,"source_dest_check":true,"subnet_id":"aws_subnet.public-subnet.id","tags":null,"timeouts":null,"user_data":null,"user_data_base64":null,"volume_tags":null,"vpc_security_group_ids":["aws_security_group.public-internet-sg.id"]}},{"address":"aws_internet_gateway.igw","mode":"managed","type":"aws_internet_gateway","name":"igw","provider_name":"aws","schema_version":0,"values":{"tags":null,"vpc_id":"aws_vpc.main.id"}},{"address":"aws_route_table.public-rtb","mode":"managed","type":"aws_route_table","name":"public-rtb","provider_name":"aws","schema_version":0,"values":{"route":[{"cidr_block":"0.0.0.0/0","egress_only_gateway_id":"","gateway_id":"aws_internet_gateway.igw.id","instance_id":"","ipv6_cidr_block":"","local_gateway_id":"","nat_gateway_id":"","network_interface_id":"","transit_gateway_id":"","vpc_endpoint_id":"","vpc_peering_connection_id":""},{"cidr_block":"172.16.0.0/16","egress_only_gateway_id":"","gateway_id":"","instance_id":"","ipv6_cidr_block":"","local_gateway_id":"","nat_gateway_id":"","network_interface_id":"","transit_gateway_id":"","vpc_endpoint_id":"aws_vpc_endpoint.sqs-vpc-endpoint.id","vpc_peering_connection_id":""}],"tags":{"Name":"public-rtb"},"vpc_id":"aws_vpc.main.id"}},{"address":"aws_route_table_association.public-rtb-assoc","mode":"managed","type":"aws_route_table_association","name":"public-rtb-assoc","provider_name":"aws","schema_version":0,"values":{"gateway_id":null,"route_table_id":"aws_route_table.public-rtb.id","subnet_id":"aws_subnet.public-subnet.id"}},{"address":"aws_security_group.public-internet-sg","mode":"managed","type":"aws_security_group","name":"public-internet-sg","provider_name":"aws","schema_version":1,"values":{"description":"Allow all local traffic with internet access","egress":[{"cidr_blocks":["0.0.0.0/0"],"description":"","from_port":0,"ipv6_cidr_blocks":[],"prefix_list_ids":[],"protocol":"-1","security_groups":[],"self":false,"to_port":0}],"ingress":[{"cidr_blocks":["172.16.0.0/16"],"description":"","from_port":0,"ipv6_cidr_blocks":[],"prefix_list_ids":[],"protocol":"-1","security_groups":[],"self":false,"to_port":0}],"name":"public-internet-sg","revoke_rules_on_delete":false,"tags":null,"timeouts":null,"vpc_id":"aws_vpc.main.id"}},{"address":"aws_sqs_queue.test-queue","mode":"managed","type":"aws_sqs_queue","name":"test-queue","provider_name":"aws","schema_version":0,"values":{"content_based_deduplication":false,"delay_seconds":0,"fifo_queue":false,"kms_master_key_id":null,"max_message_size":262144,"message_retention_seconds":345600,"name":"test-queue","name_prefix":null,"receive_wait_time_seconds":0,"redrive_policy":null,"tags":null,"visibility_timeout_seconds":30}},{"address":"aws_subnet.public-subnet","mode":"managed","type":"aws_subnet","name":"public-subnet","provider_name":"aws","schema_version":1,"values":{"assign_ipv6_address_on_creation":false,"cidr_block":"172.16.100.0/24","customer_owned_ipv4_pool":null,"ipv6_cidr_block":null,"map_customer_owned_ip_on_launch":null,"map_public_ip_on_launch":false,"outpost_arn":null,"tags":{"Name":"public-subnet"},"timeouts":null,"vpc_id":"aws_vpc.main.id"}},{"address":"aws_vpc.main","mode":"managed","type":"aws_vpc","name":"main","provider_name":"aws","schema_version":1,"values":{"assign_generated_ipv6_cidr_block":false,"cidr_block":"172.16.0.0/16","enable_dns_hostnames":false,"enable_dns_support":false,"instance_tenancy":"default","tags":null}},{"address":"aws_vpc_endpoint.sqs-vpc-endpoint","mode":"managed","type":"aws_vpc_endpoint","name":"sqs-vpc-endpoint","provider_name":"aws","schema_version":0,"values":{"auto_accept":null,"private_dns_enabled":true,"security_group_ids":["aws_security_group.public-internet-sg.id"],"service_name":"com.amazonaws.us-east-1.sqs","subnet_ids":["aws_subnet.public-subnet.id"],"tags":null,"timeouts":null,"vpc_endpoint_type":"Interface","vpc_id":"aws_vpc.main.id"}}]}},"resource_changes":[{"address":"aws_instance.test-ec2-instance","mode":"managed","type":"aws_instance","name":"test-ec2-instance","provider_name":"aws","change":{"actions":["create"],"before":null,"after":{"ami":"ami-09943f9da1f1b7899","credit_specification":[],"disable_api_termination":null,"ebs_optimized":null,"get_password_data":false,"hibernation":null,"iam_instance_profile":null,"instance_initiated_shutdown_behavior":null,"instance_type":"t2.micro","monitoring":null,"source_dest_check":true,"subnet_id":"aws_subnet.public-subnet.id","tags":null,"timeouts":null,"user_data":null,"user_data_base64":null,"volume_tags":null,"vpc_security_group_ids":["aws_security_group.public-internet-sg.id"]},"after_unknown":{"arn":true,"associate_public_ip_address":true,"availability_zone":true,"cpu_core_count":true,"cpu_threads_per_core":true,"credit_specification":[],"ebs_block_device":true,"enclave_options":true,"ephemeral_block_device":true,"host_id":true,"id":true,"instance_state":true,"ipv6_address_count":true,"ipv6_addresses":true,"key_name":true,"metadata_options":true,"network_interface":true,"outpost_arn":true,"password_data":true,"placement_group":true,"primary_network_interface_id":true,"private_dns":true,"private_ip":true,"public_dns":true,"public_ip":true,"root_block_device":true,"secondary_private_ips":true,"security_groups":true,"tenancy":true,"vpc_security_group_ids":[false]}}},{"address":"aws_internet_gateway.igw","mode":"managed","type":"aws_internet_gateway","name":"igw","provider_name":"aws","change":{"actions":["create"],"before":null,"after":{"tags":null,"vpc_id":"aws_vpc.main.id"},"after_unknown":{"arn":true,"id":true,"owner_id":true}}},{"address":"aws_route_table.public-rtb","mode":"managed","type":"aws_route_table","name":"public-rtb","provider_name":"aws","change":{"actions":["create"],"before":null,"after":{"route":[{"cidr_block":"0.0.0.0/0","egress_only_gateway_id":"","gateway_id":"aws_internet_gateway.igw.id","instance_id":"","ipv6_cidr_block":"","local_gateway_id":"","nat_gateway_id":"","network_interface_id":"","transit_gateway_id":"","vpc_endpoint_id":"","vpc_peering_connection_id":""},{"cidr_block":"172.16.0.0/16","egress_only_gateway_id":"","gateway_id":"","instance_id":"","ipv6_cidr_block":"","local_gateway_id":"","nat_gateway_id":"","network_interface_id":"","transit_gateway_id":"","vpc_endpoint_id":"aws_vpc_endpoint.sqs-vpc-endpoint.id","vpc_peering_connection_id":""}],"tags":{"Name":"public-rtb"},"vpc_id":"aws_vpc.main.id"},"after_unknown":{"id":true,"owner_id":true,"propagating_vgws":true,"route":[{},{}],"tags":{}}}},{"address":"aws_route_table_association.public-rtb-assoc","mode":"managed","type":"aws_route_table_association","name":"public-rtb-assoc","provider_name":"aws","change":{"actions":["create"],"before":null,"after":{"gateway_id":null,"route_table_id":"aws_route_table.public-rtb.id","subnet_id":"aws_subnet.public-subnet.id"},"after_unknown":{"id":true}}},{"address":"aws_security_group.public-internet-sg","mode":"managed","type":"aws_security_group","name":"public-internet-sg","provider_name":"aws","change":{"actions":["create"],"before":null,"after":{"description":"Allow all local traffic with internet access","egress":[{"cidr_blocks":["0.0.0.0/0"],"description":"","from_port":0,"ipv6_cidr_blocks":[],"prefix_list_ids":[],"protocol":"-1","security_groups":[],"self":false,"to_port":0}],"ingress":[{"cidr_blocks":["172.16.0.0/16"],"description":"","from_port":0,"ipv6_cidr_blocks":[],"prefix_list_ids":[],"protocol":"-1","security_groups":[],"self":false,"to_port":0}],"name":"public-internet-sg","revoke_rules_on_delete":false,"tags":null,"timeouts":null,"vpc_id":"aws_vpc.main.id"},"after_unknown":{"arn":true,"egress":[{"cidr_blocks":[false],"ipv6_cidr_blocks":[],"prefix_list_ids":[],"security_groups":[]}],"id":true,"ingress":[{"cidr_blocks":[false],"ipv6_cidr_blocks":[],"prefix_list_ids":[],"security_groups":[]}],"name_prefix":true,"owner_id":true}}},{"address":"aws_sqs_queue.test-queue","mode":"managed","type":"aws_sqs_queue","name":"test-queue","provider_name":"aws","change":{"actions":["create"],"before":null,"after":{"content_based_deduplication":false,"delay_seconds":0,"fifo_queue":false,"kms_master_key_id":null,"max_message_size":262144,"message_retention_seconds":345600,"name":"test-queue","name_prefix":null,"receive_wait_time_seconds":0,"redrive_policy":null,"tags":null,"visibility_timeout_seconds":30},"after_unknown":{"arn":true,"id":true,"kms_data_key_reuse_period_seconds":true,"policy":true}}},{"address":"aws_subnet.public-subnet","mode":"managed","type":"aws_subnet","name":"public-subnet","provider_name":"aws","change":{"actions":["create"],"before":null,"after":{"assign_ipv6_address_on_creation":false,"cidr_block":"172.16.100.0/24","customer_owned_ipv4_pool":null,"ipv6_cidr_block":null,"map_customer_owned_ip_on_launch":null,"map_public_ip_on_launch":false,"outpost_arn":null,"tags":{"Name":"public-subnet"},"timeouts":null,"vpc_id":"aws_vpc.main.id"},"after_unknown":{"arn":true,"availability_zone":true,"availability_zone_id":true,"id":true,"ipv6_cidr_block_association_id":true,"owner_id":true,"tags":{}}}},{"address":"aws_vpc.main","mode":"managed","type":"aws_vpc","name":"main","provider_name":"aws","change":{"actions":["create"],"before":null,"after":{"assign_generated_ipv6_cidr_block":false,"cidr_block":"172.16.0.0/16","enable_dns_hostnames":false,"enable_dns_support":false,"instance_tenancy":"default","tags":null},"after_unknown":{"arn":true,"default_network_acl_id":true,"default_route_table_id":true,"default_security_group_id":true,"dhcp_options_id":true,"enable_classiclink":true,"enable_classiclink_dns_support":true,"id":true,"ipv6_association_id":true,"ipv6_cidr_block":true,"main_route_table_id":true,"owner_id":true}}},{"address":"aws_vpc_endpoint.sqs-vpc-endpoint","mode":"managed","type":"aws_vpc_endpoint","name":"sqs-vpc-endpoint","provider_name":"aws","change":{"actions":["create"],"before":null,"after":{"auto_accept":null,"private_dns_enabled":true,"security_group_ids":["aws_security_group.public-internet-sg.id"],"service_name":"com.amazonaws.us-east-1.sqs","subnet_ids":["aws_subnet.public-subnet.id"],"tags":null,"timeouts":null,"vpc_endpoint_type":"Interface","vpc_id":"aws_vpc.main.id"},"after_unknown":{"arn":true,"cidr_blocks":true,"dns_entry":true,"id":true,"network_interface_ids":true,"owner_id":true,"policy":true,"prefix_list_id":true,"requester_managed":true,"route_table_ids":true,"security_group_ids":[false],"state":true,"subnet_ids":[false]}}}],"prior_state":{"format_version":"0.1","terraform_version":"0.12.29","values":{"root_module":{"resources":[{"address":"data.aws_ami.ubuntu","mode":"data","type":"aws_ami","name":"ubuntu","provider_name":"aws","schema_version":0,"values":{"architecture":"x86_64","arn":"arn:aws:ec2:us-east-1::image/ami-09943f9da1f1b7899","block_device_mappings":[{"device_name":"/dev/sda1","ebs":{"delete_on_termination":"true","encrypted":"false","iops":"0","snapshot_id":"snap-00fc25e1e01269cd9","throughput":"0","volume_size":"8","volume_type":"gp2"},"no_device":"","virtual_name":""},{"device_name":"/dev/sdb","ebs":{},"no_device":"","virtual_name":"ephemeral0"},{"device_name":"/dev/sdc","ebs":{},"no_device":"","virtual_name":"ephemeral1"}],"creation_date":"2021-02-24T17:38:23.000Z","description":"Canonical, Ubuntu, 16.04 LTS, amd64 xenial image build on 2021-02-24","ena_support":true,"executable_users":null,"filter":[{"name":"name","values":["ubuntu/images/hvm-ssd/ubuntu-xenial-16.04-amd64-server-*"]},{"name":"virtualization-type","values":["hvm"]}],"hypervisor":"xen","id":"ami-09943f9da1f1b7899","image_id":"ami-09943f9da1f1b7899","image_location":"099720109477/ubuntu/images/hvm-ssd/ubuntu-xenial-16.04-amd64-server-20210224","image_owner_alias":null,"image_type":"machine","kernel_id":null,"most_recent":true,"name":"ubuntu/images/hvm-ssd/ubuntu-xenial-16.04-amd64-server-20210224","name_regex":null,"owner_id":"099720109477","owners":["099720109477"],"platform":null,"platform_details":"Linux/UNIX","product_codes":[],"public":true,"ramdisk_id":null,"root_device_name":"/dev/sda1","root_device_type":"ebs","root_snapshot_id":"snap-00fc25e1e01269cd9","sriov_net_support":"simple","state":"available","state_reason":{"code":"UNSET","message":"UNSET"},"tags":{},"usage_operation":"RunInstances","virtualization_type":"hvm"}}]}}},"configuration":{"provider_config":{"aws":{"name":"aws","expressions":{"region":{"references":["local.region"]}}}},"root_module":{"resources":[{"address":"aws_instance.test-ec2-instance","mode":"managed","type":"aws_instance","name":"test-ec2-instance","provider_config_key":"aws","expressions":{"ami":{"references":["data.aws_ami.ubuntu"]},"instance_type":{"constant_value":"t2.micro"},"subnet_id":{"references":["aws_subnet.public-subnet"]},"vpc_security_group_ids":{"references":["aws_security_group.public-internet-sg"]}},"schema_version":1,"raw_data":{"FileName":"main.tf","StartLine":87,"EndLine":92}},{"address":"aws_internet_gateway.igw","mode":"managed","type":"aws_internet_gateway","name":"igw","provider_config_key":"aws","expressions":{"vpc_id":{"references":["aws_vpc.main"]}},"schema_version":0,"raw_data":{"FileName":"main.tf","StartLine":107,"EndLine":109}},{"address":"aws_route_table.public-rtb","mode":"managed","type":"aws_route_table","name":"public-rtb","provider_config_key":"aws","expressions":{"tags":{"constant_value":{"Name":"public-rtb"}},"vpc_id":{"references":["aws_vpc.main"]}},"schema_version":0,"raw_data":{"FileName":"main.tf","StartLine":27,"EndLine":43}},{"address":"aws_route_table_association.public-rtb-assoc","mode":"managed","type":"aws_route_table_association","name":"public-rtb-assoc","provider_config_key":"aws","expressions":{"route_table_id":{"references":["aws_route_table.public-rtb"]},"subnet_id":{"references":["aws_subnet.public-subnet"]}},"schema_version":0,"raw_data":{"FileName":"main.tf","StartLine":45,"EndLine":48}},{"address":"aws_security_group.public-internet-sg","mode":"managed","type":"aws_security_group","name":"public-internet-sg","provider_config_key":"aws","expressions":{"description":{"constant_value":"Allow all local traffic with internet access"},"name":{"constant_value":"public-internet-sg"},"vpc_id":{"references":["aws_vpc.main"]}},"schema_version":1,"raw_data":{"FileName":"main.tf","StartLine":50,"EndLine":69}},{"address":"aws_sqs_queue.test-queue","mode":"managed","type":"aws_sqs_queue","name":"test-queue","provider_config_key":"aws","expressions":{"name":{"constant_value":"test-queue"}},"schema_version":0,"raw_data":{"FileName":"main.tf","StartLine":103,"EndLine":105}},{"address":"aws_subnet.public-subnet","mode":"managed","type":"aws_subnet","name":"public-subnet","provider_config_key":"aws","expressions":{"cidr_block":{"references":["local.public_subnet_cidr_block"]},"tags":{"constant_value":{"Name":"public-subnet"}},"vpc_id":{"references":["aws_vpc.main"]}},"schema_version":1,"raw_data":{"FileName":"main.tf","StartLine":18,"EndLine":25}},{"address":"aws_vpc.main","mode":"managed","type":"aws_vpc","name":"main","provider_config_key":"aws","expressions":{"cidr_block":{"references":["local.cidr_block"]},"enable_dns_hostnames":{"constant_value":false},"enable_dns_support":{"constant_value":false}},"schema_version":1,"raw_data":{"FileName":"main.tf","StartLine":12,"EndLine":16}},{"address":"aws_vpc_endpoint.sqs-vpc-endpoint","mode":"managed","type":"aws_vpc_endpoint","name":"sqs-vpc-endpoint","provider_config_key":"aws","expressions":{"private_dns_enabled":{"constant_value":true},"security_group_ids":{"references":["aws_security_group.public-internet-sg"]},"service_name":{"references":["local.region"]},"subnet_ids":{"references":["aws_subnet.public-subnet"]},"vpc_endpoint_type":{"constant_value":"Interface"},"vpc_id":{"references":["aws_vpc.main"]}},"schema_version":0,"raw_data":{"FileName":"main.tf","StartLine":94,"EndLine":101}},{"address":"data.aws_ami.ubuntu","mode":"data","type":"aws_ami","name":"ubuntu","provider_config_key":"aws","expressions":{"filter":[{"name":{"constant_value":"name"},"values":{"constant_value":["ubuntu/images/hvm-ssd/ubuntu-xenial-16.04-amd64-server-*"]}},{"name":{"constant_value":"virtualization-type"},"values":{"constant_value":["hvm"]}}],"most_recent":{"constant_value":true},"owners":{"constant_value":["099720109477"]}},"schema_version":0,"raw_data":{"FileName":"main.tf","StartLine":71,"EndLine":85}}]}}}
