{"format_version":"0.1","terraform_version":"0.13.4","planned_values":{"root_module":{"resources":[{"address":"aws_kms_key.test","mode":"managed","type":"aws_kms_key","name":"test","provider_name":"registry.terraform.io/hashicorp/aws","schema_version":0,"values":{"customer_master_key_spec":"SYMMETRIC_DEFAULT","deletion_window_in_days":7,"description":"KMS key for SSM Parameter Store","enable_key_rotation":false,"is_enabled":true,"key_usage":"ENCRYPT_DECRYPT","tags":null}},{"address":"aws_ssm_parameter.test","mode":"managed","type":"aws_ssm_parameter","name":"test","provider_name":"registry.terraform.io/hashicorp/aws","schema_version":0,"values":{"allowed_pattern":null,"description":null,"key_id":"aws_kms_key.test.arn","name":"test-cloudrail","overwrite":null,"tags":null,"tier":"Standard","type":"SecureString","value":"s11per.S3cret.Value"}}]}},"resource_changes":[{"address":"aws_kms_key.test","mode":"managed","type":"aws_kms_key","name":"test","provider_name":"registry.terraform.io/hashicorp/aws","change":{"actions":["create"],"before":null,"after":{"customer_master_key_spec":"SYMMETRIC_DEFAULT","deletion_window_in_days":7,"description":"KMS key for SSM Parameter Store","enable_key_rotation":false,"is_enabled":true,"key_usage":"ENCRYPT_DECRYPT","tags":null},"after_unknown":{"arn":true,"id":true,"key_id":true,"policy":true,"tags_all":true}}},{"address":"aws_ssm_parameter.test","mode":"managed","type":"aws_ssm_parameter","name":"test","provider_name":"registry.terraform.io/hashicorp/aws","change":{"actions":["create"],"before":null,"after":{"allowed_pattern":null,"description":null,"key_id":"aws_kms_key.test.arn","name":"test-cloudrail","overwrite":null,"tags":null,"tier":"Standard","type":"SecureString","value":"s11per.S3cret.Value"},"after_unknown":{"arn":true,"data_type":true,"id":true,"tags_all":true,"version":true}}}],"configuration":{"provider_config":{"aws":{"name":"aws","expressions":{"region":{"constant_value":"us-east-1"}}}},"root_module":{"resources":[{"address":"aws_kms_key.test","mode":"managed","type":"aws_kms_key","name":"test","provider_config_key":"aws","expressions":{"deletion_window_in_days":{"constant_value":7},"description":{"constant_value":"KMS key for SSM Parameter Store"}},"schema_version":0,"raw_data":{"FileName":"main.tf","StartLine":2,"EndLine":5}},{"address":"aws_ssm_parameter.test","mode":"managed","type":"aws_ssm_parameter","name":"test","provider_config_key":"aws","expressions":{"key_id":{"references":["aws_kms_key.test"]},"name":{"constant_value":"test-cloudrail"},"type":{"constant_value":"SecureString"},"value":{"constant_value":"s11per.S3cret.Value"}},"schema_version":0,"raw_data":{"FileName":"main.tf","StartLine":7,"EndLine":12}}]}}}
