{"format_version":"0.1","terraform_version":"0.12.29","planned_values":{"root_module":{"resources":[{"address":"aws_kms_key.not_secure_policy","mode":"managed","type":"aws_kms_key","name":"not_secure_policy","provider_name":"aws","schema_version":0,"values":{"customer_master_key_spec":"SYMMETRIC_DEFAULT","deletion_window_in_days":7,"description":"KMS key + not_secure_policy","enable_key_rotation":false,"is_enabled":true,"key_usage":"ENCRYPT_DECRYPT","policy":"{\n    \"Version\": \"2008-10-17\",\n    \"Statement\": [\n        {\n            \"Sid\": \"Not Secure Policy\",\n            \"Effect\": \"Allow\",\n            \"Principal\": \"*\",\n            \"Resource\": \"*\",\n            \"Action\": [\n            \"kms:*\"\n            ]\n        }\n    ]\n}\n","tags":null}}]}},"resource_changes":[{"address":"aws_kms_key.not_secure_policy","mode":"managed","type":"aws_kms_key","name":"not_secure_policy","provider_name":"aws","change":{"actions":["create"],"before":null,"after":{"customer_master_key_spec":"SYMMETRIC_DEFAULT","deletion_window_in_days":7,"description":"KMS key + not_secure_policy","enable_key_rotation":false,"is_enabled":true,"key_usage":"ENCRYPT_DECRYPT","policy":"{\n    \"Version\": \"2008-10-17\",\n    \"Statement\": [\n        {\n            \"Sid\": \"Not Secure Policy\",\n            \"Effect\": \"Allow\",\n            \"Principal\": \"*\",\n            \"Resource\": \"*\",\n            \"Action\": [\n            \"kms:*\"\n            ]\n        }\n    ]\n}\n","tags":null},"after_unknown":{"arn":true,"id":true,"key_id":true}}}],"configuration":{"provider_config":{"aws":{"name":"aws","expressions":{"region":{"constant_value":"us-east-1"}}}},"root_module":{"resources":[{"address":"aws_kms_key.not_secure_policy","mode":"managed","type":"aws_kms_key","name":"not_secure_policy","provider_config_key":"aws","expressions":{"deletion_window_in_days":{"constant_value":7},"description":{"constant_value":"KMS key + not_secure_policy"},"policy":{"constant_value":"{\n    \"Version\": \"2008-10-17\",\n    \"Statement\": [\n        {\n            \"Sid\": \"Not Secure Policy\",\n            \"Effect\": \"Allow\",\n            \"Principal\": \"*\",\n            \"Resource\": \"*\",\n            \"Action\": [\n            \"kms:*\"\n            ]\n        }\n    ]\n}\n"}},"schema_version":0,"raw_data":{"FileName":"main.tf","StartLine":5,"EndLine":25}}]}}}
