{"format_version":"0.1","terraform_version":"0.14.6","variables":{"enable_oslogin":{"value":{"server-3":"dont use","server-4":"dont use"}}},"planned_values":{"root_module":{"resources":[{"address":"google_compute_instance.foo-instance[\"server-3\"]","mode":"managed","type":"google_compute_instance","name":"foo-instance","index":"server-3","provider_name":"registry.terraform.io/hashicorp/google","schema_version":6,"values":{"advanced_machine_features":[],"allow_stopping_for_update":null,"attached_disk":[],"boot_disk":[{"auto_delete":true,"disk_encryption_key_raw":null,"initialize_params":[{"image":"debian-cloud/debian-11-bullseye-v20210916"}],"mode":"READ_WRITE"}],"can_ip_forward":false,"deletion_protection":false,"description":null,"desired_status":null,"enable_display":null,"hostname":null,"labels":null,"machine_type":"f1-micro","metadata":null,"metadata_startup_script":null,"name":"server-3","network_interface":[{"access_config":[],"alias_ip_range":[],"ipv6_access_config":[],"nic_type":null,"queue_count":null,"subnetwork":"default"}],"resource_policies":null,"scratch_disk":[],"service_account":[],"shielded_instance_config":[],"tags":null,"timeouts":null,"zone":"us-central1-a"}},{"address":"google_compute_instance.foo-instance[\"server-4\"]","mode":"managed","type":"google_compute_instance","name":"foo-instance","index":"server-4","provider_name":"registry.terraform.io/hashicorp/google","schema_version":6,"values":{"advanced_machine_features":[],"allow_stopping_for_update":null,"attached_disk":[],"boot_disk":[{"auto_delete":true,"disk_encryption_key_raw":null,"initialize_params":[{"image":"debian-cloud/debian-11-bullseye-v20210916"}],"mode":"READ_WRITE"}],"can_ip_forward":false,"deletion_protection":false,"description":null,"desired_status":null,"enable_display":null,"hostname":null,"labels":null,"machine_type":"f1-micro","metadata":null,"metadata_startup_script":null,"name":"server-4","network_interface":[{"access_config":[],"alias_ip_range":[],"ipv6_access_config":[],"nic_type":null,"queue_count":null,"subnetwork":"default"}],"resource_policies":null,"scratch_disk":[],"service_account":[],"shielded_instance_config":[],"tags":null,"timeouts":null,"zone":"us-central1-a"}}]}},"resource_changes":[{"address":"google_compute_instance.foo-instance[\"server-3\"]","mode":"managed","type":"google_compute_instance","name":"foo-instance","index":"server-3","provider_name":"registry.terraform.io/hashicorp/google","change":{"actions":["create"],"before":null,"after":{"advanced_machine_features":[],"allow_stopping_for_update":null,"attached_disk":[],"boot_disk":[{"auto_delete":true,"disk_encryption_key_raw":null,"initialize_params":[{"image":"debian-cloud/debian-11-bullseye-v20210916"}],"mode":"READ_WRITE"}],"can_ip_forward":false,"deletion_protection":false,"description":null,"desired_status":null,"enable_display":null,"hostname":null,"labels":null,"machine_type":"f1-micro","metadata":null,"metadata_startup_script":null,"name":"server-3","network_interface":[{"access_config":[],"alias_ip_range":[],"ipv6_access_config":[],"nic_type":null,"queue_count":null,"subnetwork":"default"}],"resource_policies":null,"scratch_disk":[],"service_account":[],"shielded_instance_config":[],"tags":null,"timeouts":null,"zone":"us-central1-a"},"after_unknown":{"advanced_machine_features":[],"attached_disk":[],"boot_disk":[{"device_name":true,"disk_encryption_key_sha256":true,"initialize_params":[{"labels":true,"size":true,"type":true}],"kms_key_self_link":true,"source":true}],"confidential_instance_config":true,"cpu_platform":true,"current_status":true,"guest_accelerator":true,"id":true,"instance_id":true,"label_fingerprint":true,"metadata_fingerprint":true,"min_cpu_platform":true,"network_interface":[{"access_config":[],"alias_ip_range":[],"ipv6_access_config":[],"ipv6_access_type":true,"name":true,"network":true,"network_ip":true,"stack_type":true,"subnetwork_project":true}],"project":true,"reservation_affinity":true,"scheduling":true,"scratch_disk":[],"self_link":true,"service_account":[],"shielded_instance_config":[],"tags_fingerprint":true}}},{"address":"google_compute_instance.foo-instance[\"server-4\"]","mode":"managed","type":"google_compute_instance","name":"foo-instance","index":"server-4","provider_name":"registry.terraform.io/hashicorp/google","change":{"actions":["create"],"before":null,"after":{"advanced_machine_features":[],"allow_stopping_for_update":null,"attached_disk":[],"boot_disk":[{"auto_delete":true,"disk_encryption_key_raw":null,"initialize_params":[{"image":"debian-cloud/debian-11-bullseye-v20210916"}],"mode":"READ_WRITE"}],"can_ip_forward":false,"deletion_protection":false,"description":null,"desired_status":null,"enable_display":null,"hostname":null,"labels":null,"machine_type":"f1-micro","metadata":null,"metadata_startup_script":null,"name":"server-4","network_interface":[{"access_config":[],"alias_ip_range":[],"ipv6_access_config":[],"nic_type":null,"queue_count":null,"subnetwork":"default"}],"resource_policies":null,"scratch_disk":[],"service_account":[],"shielded_instance_config":[],"tags":null,"timeouts":null,"zone":"us-central1-a"},"after_unknown":{"advanced_machine_features":[],"attached_disk":[],"boot_disk":[{"device_name":true,"disk_encryption_key_sha256":true,"initialize_params":[{"labels":true,"size":true,"type":true}],"kms_key_self_link":true,"source":true}],"confidential_instance_config":true,"cpu_platform":true,"current_status":true,"guest_accelerator":true,"id":true,"instance_id":true,"label_fingerprint":true,"metadata_fingerprint":true,"min_cpu_platform":true,"network_interface":[{"access_config":[],"alias_ip_range":[],"ipv6_access_config":[],"ipv6_access_type":true,"name":true,"network":true,"network_ip":true,"stack_type":true,"subnetwork_project":true}],"project":true,"reservation_affinity":true,"scheduling":true,"scratch_disk":[],"self_link":true,"service_account":[],"shielded_instance_config":[],"tags_fingerprint":true}}}],"configuration":{"provider_config":{"google":{"name":"google","expressions":{"project":{"constant_value":"dev-for-tests"},"region":{"constant_value":"us-central1"}}}},"root_module":{"resources":[{"address":"google_compute_instance.foo-instance","mode":"managed","type":"google_compute_instance","name":"foo-instance","provider_config_key":"google","expressions":{"boot_disk":[{"initialize_params":[{"image":{"constant_value":"debian-cloud/debian-11-bullseye-v20210916"}}]}],"machine_type":{"constant_value":"f1-micro"},"name":{"references":["each.key"]},"network_interface":[{"subnetwork":{"constant_value":"default"}}],"zone":{"constant_value":"us-central1-a"}},"schema_version":6,"for_each_expression":{"references":["var.enable_oslogin"]},"raw_data":{"FileName":"main.tf","StartLine":13,"EndLine":26}}],"variables":{"enable_oslogin":{"default":{"server-3":"dont use","server-4":"dont use"}}}}}}
