{"format_version":"0.1","terraform_version":"0.13.4","planned_values":{"root_module":{"resources":[{"address":"aws_iam_policy.managed-policy","mode":"managed","type":"aws_iam_policy","name":"managed-policy","provider_name":"registry.terraform.io/hashicorp/aws","schema_version":0,"values":{"description":"A test policy","name":"managed-policy","name_prefix":null,"path":"/","policy":"{\n  \"Version\": \"2012-10-17\",\n  \"Statement\": [\n    {\n      \"Action\": [\n        \"ec2:Describe*\"\n      ],\n      \"Effect\": \"Allow\",\n      \"Resource\": \"*\"\n    }\n  ]\n}\n","tags":null}},{"address":"aws_iam_user.user-1","mode":"managed","type":"aws_iam_user","name":"user-1","provider_name":"registry.terraform.io/hashicorp/aws","schema_version":0,"values":{"force_destroy":false,"name":"user-1","path":"/","permissions_boundary":null,"tags":null}},{"address":"aws_iam_user_policy_attachment.managed-policy-attach","mode":"managed","type":"aws_iam_user_policy_attachment","name":"managed-policy-attach","provider_name":"registry.terraform.io/hashicorp/aws","schema_version":0,"values":{"policy_arn":"aws_iam_policy.managed-policy.arn","user":"user-1"}}]}},"resource_changes":[{"address":"aws_iam_policy.managed-policy","mode":"managed","type":"aws_iam_policy","name":"managed-policy","provider_name":"registry.terraform.io/hashicorp/aws","change":{"actions":["create"],"before":null,"after":{"description":"A test policy","name":"managed-policy","name_prefix":null,"path":"/","policy":"{\n  \"Version\": \"2012-10-17\",\n  \"Statement\": [\n    {\n      \"Action\": [\n        \"ec2:Describe*\"\n      ],\n      \"Effect\": \"Allow\",\n      \"Resource\": \"*\"\n    }\n  ]\n}\n","tags":null},"after_unknown":{"arn":true,"id":true,"policy_id":true,"tags_all":true}}},{"address":"aws_iam_user.user-1","mode":"managed","type":"aws_iam_user","name":"user-1","provider_name":"registry.terraform.io/hashicorp/aws","change":{"actions":["create"],"before":null,"after":{"force_destroy":false,"name":"user-1","path":"/","permissions_boundary":null,"tags":null},"after_unknown":{"arn":true,"id":true,"tags_all":true,"unique_id":true}}},{"address":"aws_iam_user_policy_attachment.managed-policy-attach","mode":"managed","type":"aws_iam_user_policy_attachment","name":"managed-policy-attach","provider_name":"registry.terraform.io/hashicorp/aws","change":{"actions":["create"],"before":null,"after":{"policy_arn":"aws_iam_policy.managed-policy.arn","user":"user-1"},"after_unknown":{"id":true}}}],"configuration":{"provider_config":{"aws":{"name":"aws","expressions":{"region":{"constant_value":"us-east-1"}}}},"root_module":{"resources":[{"address":"aws_iam_policy.managed-policy","mode":"managed","type":"aws_iam_policy","name":"managed-policy","provider_config_key":"aws","expressions":{"description":{"constant_value":"A test policy"},"name":{"constant_value":"managed-policy"},"policy":{"constant_value":"{\n  \"Version\": \"2012-10-17\",\n  \"Statement\": [\n    {\n      \"Action\": [\n        \"ec2:Describe*\"\n      ],\n      \"Effect\": \"Allow\",\n      \"Resource\": \"*\"\n    }\n  ]\n}\n"}},"schema_version":0,"raw_data":{"FileName":"main.tf","StartLine":9,"EndLine":26}},{"address":"aws_iam_user.user-1","mode":"managed","type":"aws_iam_user","name":"user-1","provider_config_key":"aws","expressions":{"name":{"constant_value":"user-1"}},"schema_version":0,"raw_data":{"FileName":"main.tf","StartLine":5,"EndLine":7}},{"address":"aws_iam_user_policy_attachment.managed-policy-attach","mode":"managed","type":"aws_iam_user_policy_attachment","name":"managed-policy-attach","provider_config_key":"aws","expressions":{"policy_arn":{"references":["aws_iam_policy.managed-policy"]},"user":{"references":["aws_iam_user.user-1"]}},"schema_version":0,"raw_data":{"FileName":"main.tf","StartLine":28,"EndLine":31}}]}}}
