{"format_version":"0.1","terraform_version":"0.12.29","planned_values":{"root_module":{"resources":[{"address":"aws_athena_workgroup.cloudrail_wg","mode":"managed","type":"aws_athena_workgroup","name":"cloudrail_wg","provider_name":"aws","schema_version":0,"values":{"configuration":[{"bytes_scanned_cutoff_per_query":null,"enforce_workgroup_configuration":true,"publish_cloudwatch_metrics_enabled":true,"result_configuration":[{"encryption_configuration":[{"encryption_option":"CSE_KMS","kms_key_arn":"arn:aws:kms:us-east-1:115553109071:key/eb6356a9-19ed-4c1e-bea0-ec07148f098e"}],"output_location":"s3://{aws_s3_bucket.cloudrail_anthena_bucket.bucket}/output/"}]}],"description":null,"force_destroy":false,"name":"cloudrail-wg-encrypted-kms-s3","state":"ENABLED","tags":null}},{"address":"aws_s3_bucket.cloudrail_anthena_bucket","mode":"managed","type":"aws_s3_bucket","name":"cloudrail_anthena_bucket","provider_name":"aws","schema_version":0,"values":{"acl":"private","bucket":"cloudrail-wg-encrypted-kms-s3","bucket_prefix":null,"cors_rule":[],"force_destroy":false,"grant":[],"lifecycle_rule":[],"logging":[],"object_lock_configuration":[],"policy":null,"replication_configuration":[],"server_side_encryption_configuration":[],"tags":null,"website":[]}},{"address":"aws_s3_bucket_public_access_block.cloudrail_anthena_bucket","mode":"managed","type":"aws_s3_bucket_public_access_block","name":"cloudrail_anthena_bucket","provider_name":"aws","schema_version":0,"values":{"block_public_acls":true,"block_public_policy":true,"bucket":"aws_s3_bucket.cloudrail_anthena_bucket.id","ignore_public_acls":true,"restrict_public_buckets":true}}]}},"resource_changes":[{"address":"aws_athena_workgroup.cloudrail_wg","mode":"managed","type":"aws_athena_workgroup","name":"cloudrail_wg","provider_name":"aws","change":{"actions":["create"],"before":null,"after":{"configuration":[{"bytes_scanned_cutoff_per_query":null,"enforce_workgroup_configuration":true,"publish_cloudwatch_metrics_enabled":true,"result_configuration":[{"encryption_configuration":[{"encryption_option":"CSE_KMS","kms_key_arn":"arn:aws:kms:us-east-1:115553109071:key/eb6356a9-19ed-4c1e-bea0-ec07148f098e"}],"output_location":"s3://{aws_s3_bucket.cloudrail_anthena_bucket.bucket}/output/"}]}],"description":null,"force_destroy":false,"name":"cloudrail-wg-encrypted-kms-s3","state":"ENABLED","tags":null},"after_unknown":{"arn":true,"configuration":[{"result_configuration":[{"encryption_configuration":[{}]}]}],"id":true}}},{"address":"aws_s3_bucket.cloudrail_anthena_bucket","mode":"managed","type":"aws_s3_bucket","name":"cloudrail_anthena_bucket","provider_name":"aws","change":{"actions":["create"],"before":null,"after":{"acl":"private","bucket":"cloudrail-wg-encrypted-kms-s3","bucket_prefix":null,"cors_rule":[],"force_destroy":false,"grant":[],"lifecycle_rule":[],"logging":[],"object_lock_configuration":[],"policy":null,"replication_configuration":[],"server_side_encryption_configuration":[],"tags":null,"website":[]},"after_unknown":{"acceleration_status":true,"arn":true,"bucket_domain_name":true,"bucket_regional_domain_name":true,"cors_rule":[],"grant":[],"hosted_zone_id":true,"id":true,"lifecycle_rule":[],"logging":[],"object_lock_configuration":[],"region":true,"replication_configuration":[],"request_payer":true,"server_side_encryption_configuration":[],"versioning":true,"website":[],"website_domain":true,"website_endpoint":true}}},{"address":"aws_s3_bucket_public_access_block.cloudrail_anthena_bucket","mode":"managed","type":"aws_s3_bucket_public_access_block","name":"cloudrail_anthena_bucket","provider_name":"aws","change":{"actions":["create"],"before":null,"after":{"block_public_acls":true,"block_public_policy":true,"bucket":"aws_s3_bucket.cloudrail_anthena_bucket.id","ignore_public_acls":true,"restrict_public_buckets":true},"after_unknown":{"id":true}}}],"prior_state":{"format_version":"0.1","terraform_version":"0.12.29","values":{"root_module":{"resources":[{"address":"data.aws_kms_key.by_alias","mode":"data","type":"aws_kms_key","name":"by_alias","provider_name":"aws","schema_version":0,"values":{"arn":"arn:aws:kms:us-east-1:115553109071:key/eb6356a9-19ed-4c1e-bea0-ec07148f098e","aws_account_id":"115553109071","creation_date":"2020-12-16T07:39:54Z","customer_master_key_spec":"SYMMETRIC_DEFAULT","deletion_date":null,"description":"KMS key for Athena Workgroup","enabled":true,"expiration_model":"","grant_tokens":null,"id":"eb6356a9-19ed-4c1e-bea0-ec07148f098e","key_id":"alias/test-athena","key_manager":"CUSTOMER","key_state":"Enabled","key_usage":"ENCRYPT_DECRYPT","origin":"AWS_KMS","valid_to":null}}]}}},"configuration":{"provider_config":{"aws":{"name":"aws","expressions":{"region":{"constant_value":"us-east-1"}}}},"root_module":{"resources":[{"address":"aws_athena_workgroup.cloudrail_wg","mode":"managed","type":"aws_athena_workgroup","name":"cloudrail_wg","provider_config_key":"aws","expressions":{"configuration":[{"enforce_workgroup_configuration":{"constant_value":true},"publish_cloudwatch_metrics_enabled":{"constant_value":true},"result_configuration":[{"encryption_configuration":[{"encryption_option":{"constant_value":"CSE_KMS"},"kms_key_arn":{"references":["data.aws_kms_key.by_alias"]}}],"output_location":{"constant_value":"s3://{aws_s3_bucket.cloudrail_anthena_bucket.bucket}/output/"}}]}],"name":{"constant_value":"cloudrail-wg-encrypted-kms-s3"}},"schema_version":0,"raw_data":{"FileName":"main.tf","StartLine":22,"EndLine":38}},{"address":"aws_s3_bucket.cloudrail_anthena_bucket","mode":"managed","type":"aws_s3_bucket","name":"cloudrail_anthena_bucket","provider_config_key":"aws","expressions":{"acl":{"constant_value":"private"},"bucket":{"constant_value":"cloudrail-wg-encrypted-kms-s3"}},"schema_version":0,"raw_data":{"FileName":"main.tf","StartLine":9,"EndLine":12}},{"address":"aws_s3_bucket_public_access_block.cloudrail_anthena_bucket","mode":"managed","type":"aws_s3_bucket_public_access_block","name":"cloudrail_anthena_bucket","provider_config_key":"aws","expressions":{"block_public_acls":{"constant_value":true},"block_public_policy":{"constant_value":true},"bucket":{"references":["aws_s3_bucket.cloudrail_anthena_bucket"]},"ignore_public_acls":{"constant_value":true},"restrict_public_buckets":{"constant_value":true}},"schema_version":0,"raw_data":{"FileName":"main.tf","StartLine":14,"EndLine":20}},{"address":"data.aws_kms_key.by_alias","mode":"data","type":"aws_kms_key","name":"by_alias","provider_config_key":"aws","expressions":{"key_id":{"constant_value":"alias/test-athena"}},"schema_version":0,"raw_data":{"FileName":"main.tf","StartLine":5,"EndLine":7}}]}}}
