{"format_version":"0.1","terraform_version":"0.14.6","planned_values":{"root_module":{"resources":[{"address":"aws_default_security_group.default","mode":"managed","type":"aws_default_security_group","name":"default","provider_name":"registry.terraform.io/hashicorp/aws","schema_version":1,"values":{"revoke_rules_on_delete":false,"tags":{"TerraformTag":"TerraformValue"},"tags_all":{"TerraformTag":"TerraformValue"},"vpc_id":"vpc-0bb120e294ef53f94"}}]}},"resource_changes":[{"address":"aws_default_security_group.default","mode":"managed","type":"aws_default_security_group","name":"default","provider_name":"registry.terraform.io/hashicorp/aws","change":{"actions":["create"],"before":null,"after":{"revoke_rules_on_delete":false,"tags":{"TerraformTag":"TerraformValue"},"tags_all":{"TerraformTag":"TerraformValue"},"vpc_id":"vpc-0bb120e294ef53f94"},"after_unknown":{"arn":true,"description":true,"egress":true,"id":true,"ingress":true,"name":true,"owner_id":true,"tags":{},"tags_all":{}}}}],"configuration":{"root_module":{"resources":[{"address":"aws_default_security_group.default","mode":"managed","type":"aws_default_security_group","name":"default","provider_config_key":"aws","expressions":{"tags":{"constant_value":{"TerraformTag":"TerraformValue"}},"vpc_id":{"constant_value":"vpc-0bb120e294ef53f94"}},"schema_version":1,"raw_data":{"FileName":"main.tf","StartLine":2,"EndLine":8}}]}}}
