{"format_version":"0.1","terraform_version":"0.13.4","planned_values":{"root_module":{"resources":[{"address":"aws_eip.example1","mode":"managed","type":"aws_eip","name":"example1","provider_name":"registry.terraform.io/hashicorp/aws","schema_version":0,"values":{"address":null,"associate_with_private_ip":null,"customer_owned_ipv4_pool":null,"instance":"aws_instance.t2-instance.id","tags":null,"timeouts":null,"vpc":true}},{"address":"aws_globalaccelerator_accelerator.test","mode":"managed","type":"aws_globalaccelerator_accelerator","name":"test","provider_name":"registry.terraform.io/hashicorp/aws","schema_version":0,"values":{"attributes":[],"enabled":true,"ip_address_type":"IPV4","name":"ga-test","tags":null,"timeouts":null}},{"address":"aws_globalaccelerator_endpoint_group.test","mode":"managed","type":"aws_globalaccelerator_endpoint_group","name":"test","provider_name":"registry.terraform.io/hashicorp/aws","schema_version":0,"values":{"endpoint_configuration":[{"client_ip_preservation_enabled":false,"endpoint_id":"aws_eip.example1.id","weight":null}],"health_check_interval_seconds":30,"health_check_protocol":"TCP","listener_arn":"aws_globalaccelerator_listener.test.id","port_override":[],"threshold_count":3,"timeouts":null,"traffic_dial_percentage":100}},{"address":"aws_globalaccelerator_listener.test","mode":"managed","type":"aws_globalaccelerator_listener","name":"test","provider_name":"registry.terraform.io/hashicorp/aws","schema_version":0,"values":{"accelerator_arn":"aws_globalaccelerator_accelerator.test.id","client_affinity":"SOURCE_IP","port_range":[{"from_port":80,"to_port":80}],"protocol":"TCP","timeouts":null}},{"address":"aws_instance.t2-instance","mode":"managed","type":"aws_instance","name":"t2-instance","provider_name":"registry.terraform.io/hashicorp/aws","schema_version":1,"values":{"ami":"ami-0ee02acd56a52998e","capacity_reservation_specification":[],"credit_specification":[],"disable_api_termination":null,"ebs_block_device":[],"ebs_optimized":null,"enclave_options":[],"ephemeral_block_device":[],"get_password_data":false,"hibernation":null,"iam_instance_profile":null,"instance_type":"t2.micro","metadata_options":[],"monitoring":null,"network_interface":[],"root_block_device":[],"source_dest_check":true,"subnet_id":"aws_subnet.nondefault_1.id","tags":null,"timeouts":null,"user_data":null,"user_data_base64":null,"volume_tags":null}},{"address":"aws_internet_gateway.gw","mode":"managed","type":"aws_internet_gateway","name":"gw","provider_name":"registry.terraform.io/hashicorp/aws","schema_version":0,"values":{"tags":{"Name":"main"},"tags_all":{"Name":"main"},"vpc_id":"aws_vpc.nondefault.id"}},{"address":"aws_route_table.public-rtb","mode":"managed","type":"aws_route_table","name":"public-rtb","provider_name":"registry.terraform.io/hashicorp/aws","schema_version":0,"values":{"route":[{"carrier_gateway_id":null,"cidr_block":"0.0.0.0/0","destination_prefix_list_id":null,"egress_only_gateway_id":null,"gateway_id":"aws_internet_gateway.gw.id","instance_id":null,"ipv6_cidr_block":null,"local_gateway_id":null,"nat_gateway_id":null,"network_interface_id":null,"transit_gateway_id":null,"vpc_endpoint_id":null,"vpc_peering_connection_id":null}],"tags":{"Name":"public-rtb"},"tags_all":{"Name":"public-rtb"},"vpc_id":"aws_vpc.nondefault.id"}},{"address":"aws_route_table_association.public-rtb-assoc_1","mode":"managed","type":"aws_route_table_association","name":"public-rtb-assoc_1","provider_name":"registry.terraform.io/hashicorp/aws","schema_version":0,"values":{"gateway_id":null,"route_table_id":"aws_route_table.public-rtb.id","subnet_id":"aws_subnet.nondefault_1.id"}},{"address":"aws_route_table_association.public-rtb-assoc_2","mode":"managed","type":"aws_route_table_association","name":"public-rtb-assoc_2","provider_name":"registry.terraform.io/hashicorp/aws","schema_version":0,"values":{"gateway_id":null,"route_table_id":"aws_route_table.public-rtb.id","subnet_id":"aws_subnet.nondefault_2.id"}},{"address":"aws_subnet.nondefault_1","mode":"managed","type":"aws_subnet","name":"nondefault_1","provider_name":"registry.terraform.io/hashicorp/aws","schema_version":1,"values":{"assign_ipv6_address_on_creation":false,"availability_zone":"us-east-1a","cidr_block":"10.1.1.128/25","customer_owned_ipv4_pool":null,"ipv6_cidr_block":null,"map_customer_owned_ip_on_launch":null,"map_public_ip_on_launch":false,"outpost_arn":null,"tags":null,"timeouts":null,"vpc_id":"aws_vpc.nondefault.id"}},{"address":"aws_subnet.nondefault_2","mode":"managed","type":"aws_subnet","name":"nondefault_2","provider_name":"registry.terraform.io/hashicorp/aws","schema_version":1,"values":{"assign_ipv6_address_on_creation":false,"availability_zone":"us-east-1b","cidr_block":"10.1.1.0/25","customer_owned_ipv4_pool":null,"ipv6_cidr_block":null,"map_customer_owned_ip_on_launch":null,"map_public_ip_on_launch":false,"outpost_arn":null,"tags":null,"timeouts":null,"vpc_id":"aws_vpc.nondefault.id"}},{"address":"aws_vpc.nondefault","mode":"managed","type":"aws_vpc","name":"nondefault","provider_name":"registry.terraform.io/hashicorp/aws","schema_version":1,"values":{"assign_generated_ipv6_cidr_block":false,"cidr_block":"10.1.1.0/24","enable_dns_support":true,"instance_tenancy":"default","tags":null}}]}},"resource_changes":[{"address":"aws_eip.example1","mode":"managed","type":"aws_eip","name":"example1","provider_name":"registry.terraform.io/hashicorp/aws","change":{"actions":["create"],"before":null,"after":{"address":null,"associate_with_private_ip":null,"customer_owned_ipv4_pool":null,"instance":"aws_instance.t2-instance.id","tags":null,"timeouts":null,"vpc":true},"after_unknown":{"allocation_id":true,"association_id":true,"carrier_ip":true,"customer_owned_ip":true,"domain":true,"id":true,"network_border_group":true,"network_interface":true,"private_dns":true,"private_ip":true,"public_dns":true,"public_ip":true,"public_ipv4_pool":true,"tags_all":true}}},{"address":"aws_globalaccelerator_accelerator.test","mode":"managed","type":"aws_globalaccelerator_accelerator","name":"test","provider_name":"registry.terraform.io/hashicorp/aws","change":{"actions":["create"],"before":null,"after":{"attributes":[],"enabled":true,"ip_address_type":"IPV4","name":"ga-test","tags":null,"timeouts":null},"after_unknown":{"attributes":[],"dns_name":true,"hosted_zone_id":true,"id":true,"ip_sets":true,"tags_all":true}}},{"address":"aws_globalaccelerator_endpoint_group.test","mode":"managed","type":"aws_globalaccelerator_endpoint_group","name":"test","provider_name":"registry.terraform.io/hashicorp/aws","change":{"actions":["create"],"before":null,"after":{"endpoint_configuration":[{"client_ip_preservation_enabled":false,"endpoint_id":"aws_eip.example1.id","weight":null}],"health_check_interval_seconds":30,"health_check_protocol":"TCP","listener_arn":"aws_globalaccelerator_listener.test.id","port_override":[],"threshold_count":3,"timeouts":null,"traffic_dial_percentage":100},"after_unknown":{"arn":true,"endpoint_configuration":[{}],"endpoint_group_region":true,"health_check_path":true,"health_check_port":true,"id":true,"port_override":[]}}},{"address":"aws_globalaccelerator_listener.test","mode":"managed","type":"aws_globalaccelerator_listener","name":"test","provider_name":"registry.terraform.io/hashicorp/aws","change":{"actions":["create"],"before":null,"after":{"accelerator_arn":"aws_globalaccelerator_accelerator.test.id","client_affinity":"SOURCE_IP","port_range":[{"from_port":80,"to_port":80}],"protocol":"TCP","timeouts":null},"after_unknown":{"id":true,"port_range":[{}]}}},{"address":"aws_instance.t2-instance","mode":"managed","type":"aws_instance","name":"t2-instance","provider_name":"registry.terraform.io/hashicorp/aws","change":{"actions":["create"],"before":null,"after":{"ami":"ami-0ee02acd56a52998e","capacity_reservation_specification":[],"credit_specification":[],"disable_api_termination":null,"ebs_block_device":[],"ebs_optimized":null,"enclave_options":[],"ephemeral_block_device":[],"get_password_data":false,"hibernation":null,"iam_instance_profile":null,"instance_type":"t2.micro","metadata_options":[],"monitoring":null,"network_interface":[],"root_block_device":[],"source_dest_check":true,"subnet_id":"aws_subnet.nondefault_1.id","tags":null,"timeouts":null,"user_data":null,"user_data_base64":null,"volume_tags":null},"after_unknown":{"arn":true,"associate_public_ip_address":true,"availability_zone":true,"capacity_reservation_specification":[],"cpu_core_count":true,"cpu_threads_per_core":true,"credit_specification":[],"ebs_block_device":[],"enclave_options":[],"ephemeral_block_device":[],"host_id":true,"id":true,"instance_initiated_shutdown_behavior":true,"instance_state":true,"ipv6_address_count":true,"ipv6_addresses":true,"key_name":true,"metadata_options":[],"network_interface":[],"outpost_arn":true,"password_data":true,"placement_group":true,"primary_network_interface_id":true,"private_dns":true,"private_ip":true,"public_dns":true,"public_ip":true,"root_block_device":[],"secondary_private_ips":true,"security_groups":true,"tags_all":true,"tenancy":true,"vpc_security_group_ids":true}}},{"address":"aws_internet_gateway.gw","mode":"managed","type":"aws_internet_gateway","name":"gw","provider_name":"registry.terraform.io/hashicorp/aws","change":{"actions":["create"],"before":null,"after":{"tags":{"Name":"main"},"tags_all":{"Name":"main"},"vpc_id":"aws_vpc.nondefault.id"},"after_unknown":{"arn":true,"id":true,"owner_id":true,"tags":{},"tags_all":{}}}},{"address":"aws_route_table.public-rtb","mode":"managed","type":"aws_route_table","name":"public-rtb","provider_name":"registry.terraform.io/hashicorp/aws","change":{"actions":["create"],"before":null,"after":{"route":[{"carrier_gateway_id":null,"cidr_block":"0.0.0.0/0","destination_prefix_list_id":null,"egress_only_gateway_id":null,"gateway_id":"aws_internet_gateway.gw.id","instance_id":null,"ipv6_cidr_block":null,"local_gateway_id":null,"nat_gateway_id":null,"network_interface_id":null,"transit_gateway_id":null,"vpc_endpoint_id":null,"vpc_peering_connection_id":null}],"tags":{"Name":"public-rtb"},"tags_all":{"Name":"public-rtb"},"vpc_id":"aws_vpc.nondefault.id"},"after_unknown":{"arn":true,"id":true,"owner_id":true,"propagating_vgws":true,"route":[{}],"tags":{},"tags_all":{}}}},{"address":"aws_route_table_association.public-rtb-assoc_1","mode":"managed","type":"aws_route_table_association","name":"public-rtb-assoc_1","provider_name":"registry.terraform.io/hashicorp/aws","change":{"actions":["create"],"before":null,"after":{"gateway_id":null,"route_table_id":"aws_route_table.public-rtb.id","subnet_id":"aws_subnet.nondefault_1.id"},"after_unknown":{"id":true}}},{"address":"aws_route_table_association.public-rtb-assoc_2","mode":"managed","type":"aws_route_table_association","name":"public-rtb-assoc_2","provider_name":"registry.terraform.io/hashicorp/aws","change":{"actions":["create"],"before":null,"after":{"gateway_id":null,"route_table_id":"aws_route_table.public-rtb.id","subnet_id":"aws_subnet.nondefault_2.id"},"after_unknown":{"id":true}}},{"address":"aws_subnet.nondefault_1","mode":"managed","type":"aws_subnet","name":"nondefault_1","provider_name":"registry.terraform.io/hashicorp/aws","change":{"actions":["create"],"before":null,"after":{"assign_ipv6_address_on_creation":false,"availability_zone":"us-east-1a","cidr_block":"10.1.1.128/25","customer_owned_ipv4_pool":null,"ipv6_cidr_block":null,"map_customer_owned_ip_on_launch":null,"map_public_ip_on_launch":false,"outpost_arn":null,"tags":null,"timeouts":null,"vpc_id":"aws_vpc.nondefault.id"},"after_unknown":{"arn":true,"availability_zone_id":true,"id":true,"ipv6_cidr_block_association_id":true,"owner_id":true,"tags_all":true}}},{"address":"aws_subnet.nondefault_2","mode":"managed","type":"aws_subnet","name":"nondefault_2","provider_name":"registry.terraform.io/hashicorp/aws","change":{"actions":["create"],"before":null,"after":{"assign_ipv6_address_on_creation":false,"availability_zone":"us-east-1b","cidr_block":"10.1.1.0/25","customer_owned_ipv4_pool":null,"ipv6_cidr_block":null,"map_customer_owned_ip_on_launch":null,"map_public_ip_on_launch":false,"outpost_arn":null,"tags":null,"timeouts":null,"vpc_id":"aws_vpc.nondefault.id"},"after_unknown":{"arn":true,"availability_zone_id":true,"id":true,"ipv6_cidr_block_association_id":true,"owner_id":true,"tags_all":true}}},{"address":"aws_vpc.nondefault","mode":"managed","type":"aws_vpc","name":"nondefault","provider_name":"registry.terraform.io/hashicorp/aws","change":{"actions":["create"],"before":null,"after":{"assign_generated_ipv6_cidr_block":false,"cidr_block":"10.1.1.0/24","enable_dns_support":true,"instance_tenancy":"default","tags":null},"after_unknown":{"arn":true,"default_network_acl_id":true,"default_route_table_id":true,"default_security_group_id":true,"dhcp_options_id":true,"enable_classiclink":true,"enable_classiclink_dns_support":true,"enable_dns_hostnames":true,"id":true,"ipv6_association_id":true,"ipv6_cidr_block":true,"main_route_table_id":true,"owner_id":true,"tags_all":true}}}],"prior_state":{"format_version":"0.1","terraform_version":"0.13.4","values":{"root_module":{"resources":[{"address":"data.aws_ami.ubuntu","mode":"data","type":"aws_ami","name":"ubuntu","provider_name":"registry.terraform.io/hashicorp/aws","schema_version":0,"values":{"architecture":"x86_64","arn":"arn:aws:ec2:us-east-1::image/ami-0ee02acd56a52998e","block_device_mappings":[{"device_name":"/dev/sda1","ebs":{"delete_on_termination":"true","encrypted":"false","iops":"0","snapshot_id":"snap-02ea480fc9e115bab","throughput":"0","volume_size":"8","volume_type":"gp2"},"no_device":"","virtual_name":""},{"device_name":"/dev/sdb","ebs":{},"no_device":"","virtual_name":"ephemeral0"},{"device_name":"/dev/sdc","ebs":{},"no_device":"","virtual_name":"ephemeral1"}],"creation_date":"2021-04-29T05:50:56.000Z","description":"Canonical, Ubuntu, 16.04 LTS, amd64 xenial image build on 2021-04-29","ena_support":true,"executable_users":null,"filter":[{"name":"name","values":["ubuntu/images/hvm-ssd/ubuntu-xenial-16.04-amd64-server-*"]},{"name":"virtualization-type","values":["hvm"]}],"hypervisor":"xen","id":"ami-0ee02acd56a52998e","image_id":"ami-0ee02acd56a52998e","image_location":"099720109477/ubuntu/images/hvm-ssd/ubuntu-xenial-16.04-amd64-server-20210429","image_owner_alias":null,"image_type":"machine","kernel_id":null,"most_recent":true,"name":"ubuntu/images/hvm-ssd/ubuntu-xenial-16.04-amd64-server-20210429","name_regex":null,"owner_id":"099720109477","owners":["099720109477"],"platform":null,"platform_details":"Linux/UNIX","product_codes":[],"public":true,"ramdisk_id":null,"root_device_name":"/dev/sda1","root_device_type":"ebs","root_snapshot_id":"snap-02ea480fc9e115bab","sriov_net_support":"simple","state":"available","state_reason":{"code":"UNSET","message":"UNSET"},"tags":{},"usage_operation":"RunInstances","virtualization_type":"hvm"}}]}}},"configuration":{"provider_config":{"aws":{"name":"aws","expressions":{"region":{"constant_value":"us-east-1"}}}},"root_module":{"resources":[{"address":"aws_eip.example1","mode":"managed","type":"aws_eip","name":"example1","provider_config_key":"aws","expressions":{"instance":{"references":["aws_instance.t2-instance"]},"vpc":{"constant_value":true}},"schema_version":0,"raw_data":{"FileName":"main.tf","StartLine":97,"EndLine":100}},{"address":"aws_globalaccelerator_accelerator.test","mode":"managed","type":"aws_globalaccelerator_accelerator","name":"test","provider_config_key":"aws","expressions":{"ip_address_type":{"constant_value":"IPV4"},"name":{"constant_value":"ga-test"}},"schema_version":0,"raw_data":{"FileName":"main.tf","StartLine":50,"EndLine":53}},{"address":"aws_globalaccelerator_endpoint_group.test","mode":"managed","type":"aws_globalaccelerator_endpoint_group","name":"test","provider_config_key":"aws","expressions":{"endpoint_configuration":[{"client_ip_preservation_enabled":{"constant_value":false},"endpoint_id":{"references":["aws_eip.example1"]}}],"listener_arn":{"references":["aws_globalaccelerator_listener.test"]}},"schema_version":0,"raw_data":{"FileName":"main.tf","StartLine":55,"EndLine":62}},{"address":"aws_globalaccelerator_listener.test","mode":"managed","type":"aws_globalaccelerator_listener","name":"test","provider_config_key":"aws","expressions":{"accelerator_arn":{"references":["aws_globalaccelerator_accelerator.test"]},"client_affinity":{"constant_value":"SOURCE_IP"},"port_range":[{"from_port":{"constant_value":80},"to_port":{"constant_value":80}}],"protocol":{"constant_value":"TCP"}},"schema_version":0,"raw_data":{"FileName":"main.tf","StartLine":64,"EndLine":73}},{"address":"aws_instance.t2-instance","mode":"managed","type":"aws_instance","name":"t2-instance","provider_config_key":"aws","expressions":{"ami":{"references":["data.aws_ami.ubuntu"]},"instance_type":{"constant_value":"t2.micro"},"subnet_id":{"references":["aws_subnet.nondefault_1"]}},"schema_version":1,"raw_data":{"FileName":"main.tf","StartLine":91,"EndLine":95}},{"address":"aws_internet_gateway.gw","mode":"managed","type":"aws_internet_gateway","name":"gw","provider_config_key":"aws","expressions":{"tags":{"constant_value":{"Name":"main"}},"vpc_id":{"references":["aws_vpc.nondefault"]}},"schema_version":0,"raw_data":{"FileName":"main.tf","StartLine":17,"EndLine":23}},{"address":"aws_route_table.public-rtb","mode":"managed","type":"aws_route_table","name":"public-rtb","provider_config_key":"aws","expressions":{"tags":{"constant_value":{"Name":"public-rtb"}},"vpc_id":{"references":["aws_vpc.nondefault"]}},"schema_version":0,"raw_data":{"FileName":"main.tf","StartLine":25,"EndLine":36}},{"address":"aws_route_table_association.public-rtb-assoc_1","mode":"managed","type":"aws_route_table_association","name":"public-rtb-assoc_1","provider_config_key":"aws","expressions":{"route_table_id":{"references":["aws_route_table.public-rtb"]},"subnet_id":{"references":["aws_subnet.nondefault_1"]}},"schema_version":0,"raw_data":{"FileName":"main.tf","StartLine":39,"EndLine":42}},{"address":"aws_route_table_association.public-rtb-assoc_2","mode":"managed","type":"aws_route_table_association","name":"public-rtb-assoc_2","provider_config_key":"aws","expressions":{"route_table_id":{"references":["aws_route_table.public-rtb"]},"subnet_id":{"references":["aws_subnet.nondefault_2"]}},"schema_version":0,"raw_data":{"FileName":"main.tf","StartLine":44,"EndLine":47}},{"address":"aws_subnet.nondefault_1","mode":"managed","type":"aws_subnet","name":"nondefault_1","provider_config_key":"aws","expressions":{"availability_zone":{"constant_value":"us-east-1a"},"cidr_block":{"constant_value":"10.1.1.128/25"},"vpc_id":{"references":["aws_vpc.nondefault"]}},"schema_version":1,"raw_data":{"FileName":"main.tf","StartLine":5,"EndLine":9}},{"address":"aws_subnet.nondefault_2","mode":"managed","type":"aws_subnet","name":"nondefault_2","provider_config_key":"aws","expressions":{"availability_zone":{"constant_value":"us-east-1b"},"cidr_block":{"constant_value":"10.1.1.0/25"},"vpc_id":{"references":["aws_vpc.nondefault"]}},"schema_version":1,"raw_data":{"FileName":"main.tf","StartLine":11,"EndLine":15}},{"address":"aws_vpc.nondefault","mode":"managed","type":"aws_vpc","name":"nondefault","provider_config_key":"aws","expressions":{"cidr_block":{"constant_value":"10.1.1.0/24"}},"schema_version":1,"raw_data":{"FileName":"main.tf","StartLine":1,"EndLine":3}},{"address":"data.aws_ami.ubuntu","mode":"data","type":"aws_ami","name":"ubuntu","provider_config_key":"aws","expressions":{"filter":[{"name":{"constant_value":"name"},"values":{"constant_value":["ubuntu/images/hvm-ssd/ubuntu-xenial-16.04-amd64-server-*"]}},{"name":{"constant_value":"virtualization-type"},"values":{"constant_value":["hvm"]}}],"most_recent":{"constant_value":true},"owners":{"constant_value":["099720109477"]}},"schema_version":0,"raw_data":{"FileName":"main.tf","StartLine":75,"EndLine":89}}]}}}
