{"format_version":"0.1","terraform_version":"0.13.4","planned_values":{"root_module":{"resources":[{"address":"aws_api_gateway_deployment.api_gw_deploy","mode":"managed","type":"aws_api_gateway_deployment","name":"api_gw_deploy","provider_name":"registry.terraform.io/hashicorp/aws","schema_version":0,"values":{"description":null,"rest_api_id":"aws_api_gateway_rest_api.api_gw.id","stage_description":null,"stage_name":"dev","triggers":null,"variables":null}},{"address":"aws_api_gateway_integration.api_gw_int","mode":"managed","type":"aws_api_gateway_integration","name":"api_gw_int","provider_name":"registry.terraform.io/hashicorp/aws","schema_version":0,"values":{"cache_key_parameters":null,"connection_id":null,"connection_type":"INTERNET","content_handling":null,"credentials":null,"http_method":"GET","integration_http_method":null,"request_parameters":null,"request_templates":{"application/xml":"{\n   \"body\" : $input.json('$')\n}\n"},"resource_id":"aws_api_gateway_resource.api_gw_resource.id","rest_api_id":"aws_api_gateway_rest_api.api_gw.id","timeout_milliseconds":29000,"tls_config":[],"type":"MOCK","uri":null}},{"address":"aws_api_gateway_method.api_gw_method","mode":"managed","type":"aws_api_gateway_method","name":"api_gw_method","provider_name":"registry.terraform.io/hashicorp/aws","schema_version":0,"values":{"api_key_required":false,"authorization":"NONE","authorization_scopes":null,"authorizer_id":null,"http_method":"GET","operation_name":null,"request_models":null,"request_parameters":null,"request_validator_id":null,"resource_id":"aws_api_gateway_resource.api_gw_resource.id","rest_api_id":"aws_api_gateway_rest_api.api_gw.id"}},{"address":"aws_api_gateway_method_settings.api_gw_method_sett","mode":"managed","type":"aws_api_gateway_method_settings","name":"api_gw_method_sett","provider_name":"registry.terraform.io/hashicorp/aws","schema_version":0,"values":{"method_path":"mytestresource/GET","rest_api_id":"aws_api_gateway_rest_api.api_gw.id","settings":[{"cache_data_encrypted":true,"cache_ttl_in_seconds":null,"caching_enabled":true,"data_trace_enabled":null,"logging_level":"OFF","metrics_enabled":null,"require_authorization_for_cache_control":null,"throttling_burst_limit":null,"throttling_rate_limit":null,"unauthorized_cache_control_header_strategy":null}],"stage_name":"prod"}},{"address":"aws_api_gateway_resource.api_gw_resource","mode":"managed","type":"aws_api_gateway_resource","name":"api_gw_resource","provider_name":"registry.terraform.io/hashicorp/aws","schema_version":0,"values":{"parent_id":"aws_api_gateway_rest_api.api_gw.root_resource_id","path_part":"mytestresource","rest_api_id":"aws_api_gateway_rest_api.api_gw.id"}},{"address":"aws_api_gateway_rest_api.api_gw","mode":"managed","type":"aws_api_gateway_rest_api","name":"api_gw","provider_name":"registry.terraform.io/hashicorp/aws","schema_version":0,"values":{"body":null,"description":"API GW test","endpoint_configuration":[],"minimum_compression_size":-1,"name":"api-gw-cache-encrypted","parameters":null,"tags":{"Name":"Api test"},"tags_all":{"Name":"Api test"}}},{"address":"aws_api_gateway_stage.api_gw_stage","mode":"managed","type":"aws_api_gateway_stage","name":"api_gw_stage","provider_name":"registry.terraform.io/hashicorp/aws","schema_version":0,"values":{"access_log_settings":[],"cache_cluster_enabled":null,"cache_cluster_size":null,"client_certificate_id":null,"deployment_id":"aws_api_gateway_deployment.api_gw_deploy.id","description":null,"documentation_version":null,"rest_api_id":"aws_api_gateway_rest_api.api_gw.id","stage_name":"prod","tags":null,"variables":null,"xray_tracing_enabled":null}}]}},"resource_changes":[{"address":"aws_api_gateway_deployment.api_gw_deploy","mode":"managed","type":"aws_api_gateway_deployment","name":"api_gw_deploy","provider_name":"registry.terraform.io/hashicorp/aws","change":{"actions":["create"],"before":null,"after":{"description":null,"rest_api_id":"aws_api_gateway_rest_api.api_gw.id","stage_description":null,"stage_name":"dev","triggers":null,"variables":null},"after_unknown":{"created_date":true,"execution_arn":true,"id":true,"invoke_url":true}}},{"address":"aws_api_gateway_integration.api_gw_int","mode":"managed","type":"aws_api_gateway_integration","name":"api_gw_int","provider_name":"registry.terraform.io/hashicorp/aws","change":{"actions":["create"],"before":null,"after":{"cache_key_parameters":null,"connection_id":null,"connection_type":"INTERNET","content_handling":null,"credentials":null,"http_method":"GET","integration_http_method":null,"request_parameters":null,"request_templates":{"application/xml":"{\n   \"body\" : $input.json('$')\n}\n"},"resource_id":"aws_api_gateway_resource.api_gw_resource.id","rest_api_id":"aws_api_gateway_rest_api.api_gw.id","timeout_milliseconds":29000,"tls_config":[],"type":"MOCK","uri":null},"after_unknown":{"cache_namespace":true,"id":true,"passthrough_behavior":true,"request_templates":{},"tls_config":[]}}},{"address":"aws_api_gateway_method.api_gw_method","mode":"managed","type":"aws_api_gateway_method","name":"api_gw_method","provider_name":"registry.terraform.io/hashicorp/aws","change":{"actions":["create"],"before":null,"after":{"api_key_required":false,"authorization":"NONE","authorization_scopes":null,"authorizer_id":null,"http_method":"GET","operation_name":null,"request_models":null,"request_parameters":null,"request_validator_id":null,"resource_id":"aws_api_gateway_resource.api_gw_resource.id","rest_api_id":"aws_api_gateway_rest_api.api_gw.id"},"after_unknown":{"id":true}}},{"address":"aws_api_gateway_method_settings.api_gw_method_sett","mode":"managed","type":"aws_api_gateway_method_settings","name":"api_gw_method_sett","provider_name":"registry.terraform.io/hashicorp/aws","change":{"actions":["create"],"before":null,"after":{"method_path":"mytestresource/GET","rest_api_id":"aws_api_gateway_rest_api.api_gw.id","settings":[{"cache_data_encrypted":true,"cache_ttl_in_seconds":null,"caching_enabled":true,"data_trace_enabled":null,"logging_level":"OFF","metrics_enabled":null,"require_authorization_for_cache_control":null,"throttling_burst_limit":null,"throttling_rate_limit":null,"unauthorized_cache_control_header_strategy":null}],"stage_name":"prod"},"after_unknown":{"id":true,"settings":[{}]}}},{"address":"aws_api_gateway_resource.api_gw_resource","mode":"managed","type":"aws_api_gateway_resource","name":"api_gw_resource","provider_name":"registry.terraform.io/hashicorp/aws","change":{"actions":["create"],"before":null,"after":{"parent_id":"aws_api_gateway_rest_api.api_gw.root_resource_id","path_part":"mytestresource","rest_api_id":"aws_api_gateway_rest_api.api_gw.id"},"after_unknown":{"id":true,"path":true}}},{"address":"aws_api_gateway_rest_api.api_gw","mode":"managed","type":"aws_api_gateway_rest_api","name":"api_gw","provider_name":"registry.terraform.io/hashicorp/aws","change":{"actions":["create"],"before":null,"after":{"body":null,"description":"API GW test","endpoint_configuration":[],"minimum_compression_size":-1,"name":"api-gw-cache-encrypted","parameters":null,"tags":{"Name":"Api test"},"tags_all":{"Name":"Api test"}},"after_unknown":{"api_key_source":true,"arn":true,"binary_media_types":true,"created_date":true,"disable_execute_api_endpoint":true,"endpoint_configuration":[],"execution_arn":true,"id":true,"policy":true,"root_resource_id":true,"tags":{},"tags_all":{}}}},{"address":"aws_api_gateway_stage.api_gw_stage","mode":"managed","type":"aws_api_gateway_stage","name":"api_gw_stage","provider_name":"registry.terraform.io/hashicorp/aws","change":{"actions":["create"],"before":null,"after":{"access_log_settings":[],"cache_cluster_enabled":null,"cache_cluster_size":null,"client_certificate_id":null,"deployment_id":"aws_api_gateway_deployment.api_gw_deploy.id","description":null,"documentation_version":null,"rest_api_id":"aws_api_gateway_rest_api.api_gw.id","stage_name":"prod","tags":null,"variables":null,"xray_tracing_enabled":null},"after_unknown":{"access_log_settings":[],"arn":true,"execution_arn":true,"id":true,"invoke_url":true,"tags_all":true}}}],"configuration":{"provider_config":{"aws":{"name":"aws","expressions":{"region":{"constant_value":"us-east-1"}}}},"root_module":{"resources":[{"address":"aws_api_gateway_deployment.api_gw_deploy","mode":"managed","type":"aws_api_gateway_deployment","name":"api_gw_deploy","provider_config_key":"aws","expressions":{"rest_api_id":{"references":["aws_api_gateway_rest_api.api_gw"]},"stage_name":{"constant_value":"dev"}},"schema_version":0,"depends_on":["aws_api_gateway_integration.api_gw_int"],"raw_data":{"FileName":"main.tf","StartLine":11,"EndLine":15}},{"address":"aws_api_gateway_integration.api_gw_int","mode":"managed","type":"aws_api_gateway_integration","name":"api_gw_int","provider_config_key":"aws","expressions":{"http_method":{"references":["aws_api_gateway_method.api_gw_method"]},"request_templates":{"constant_value":{"application/xml":"{\n   \"body\" : $input.json('$')\n}\n"}},"resource_id":{"references":["aws_api_gateway_resource.api_gw_resource"]},"rest_api_id":{"references":["aws_api_gateway_rest_api.api_gw"]},"type":{"constant_value":"MOCK"}},"schema_version":0,"raw_data":{"FileName":"main.tf","StartLine":30,"EndLine":43}},{"address":"aws_api_gateway_method.api_gw_method","mode":"managed","type":"aws_api_gateway_method","name":"api_gw_method","provider_config_key":"aws","expressions":{"authorization":{"constant_value":"NONE"},"http_method":{"constant_value":"GET"},"resource_id":{"references":["aws_api_gateway_resource.api_gw_resource"]},"rest_api_id":{"references":["aws_api_gateway_rest_api.api_gw"]}},"schema_version":0,"raw_data":{"FileName":"main.tf","StartLine":23,"EndLine":28}},{"address":"aws_api_gateway_method_settings.api_gw_method_sett","mode":"managed","type":"aws_api_gateway_method_settings","name":"api_gw_method_sett","provider_config_key":"aws","expressions":{"method_path":{"references":["aws_api_gateway_resource.api_gw_resource","aws_api_gateway_method.api_gw_method"]},"rest_api_id":{"references":["aws_api_gateway_rest_api.api_gw"]},"settings":[{"cache_data_encrypted":{"constant_value":true},"caching_enabled":{"constant_value":true},"logging_level":{"constant_value":"OFF"}}],"stage_name":{"references":["aws_api_gateway_stage.api_gw_stage"]}},"schema_version":0,"raw_data":{"FileName":"main.tf","StartLine":51,"EndLine":61}},{"address":"aws_api_gateway_resource.api_gw_resource","mode":"managed","type":"aws_api_gateway_resource","name":"api_gw_resource","provider_config_key":"aws","expressions":{"parent_id":{"references":["aws_api_gateway_rest_api.api_gw"]},"path_part":{"constant_value":"mytestresource"},"rest_api_id":{"references":["aws_api_gateway_rest_api.api_gw"]}},"schema_version":0,"raw_data":{"FileName":"main.tf","StartLine":17,"EndLine":21}},{"address":"aws_api_gateway_rest_api.api_gw","mode":"managed","type":"aws_api_gateway_rest_api","name":"api_gw","provider_config_key":"aws","expressions":{"description":{"constant_value":"API GW test"},"name":{"constant_value":"api-gw-cache-encrypted"},"tags":{"constant_value":{"Name":"Api test"}}},"schema_version":0,"raw_data":{"FileName":"main.tf","StartLine":3,"EndLine":9}},{"address":"aws_api_gateway_stage.api_gw_stage","mode":"managed","type":"aws_api_gateway_stage","name":"api_gw_stage","provider_config_key":"aws","expressions":{"deployment_id":{"references":["aws_api_gateway_deployment.api_gw_deploy"]},"rest_api_id":{"references":["aws_api_gateway_rest_api.api_gw"]},"stage_name":{"constant_value":"prod"}},"schema_version":0,"raw_data":{"FileName":"main.tf","StartLine":45,"EndLine":49}}]}}}
