{"format_version":"0.1","terraform_version":"0.13.4","planned_values":{"root_module":{"resources":[{"address":"azurerm_network_security_group.nsg","mode":"managed","type":"azurerm_network_security_group","name":"nsg","provider_name":"registry.terraform.io/hashicorp/azurerm","schema_version":0,"values":{"location":"westeurope","name":"cr2106nsg-nsg","resource_group_name":"cr2106nsg-RG","tags":{"environment":"Tests"},"timeouts":null}},{"address":"azurerm_resource_group.rg","mode":"managed","type":"azurerm_resource_group","name":"rg","provider_name":"registry.terraform.io/hashicorp/azurerm","schema_version":0,"values":{"location":"westeurope","name":"cr2106nsg-RG","tags":null,"timeouts":null}},{"address":"azurerm_subnet.subnet","mode":"managed","type":"azurerm_subnet","name":"subnet","provider_name":"registry.terraform.io/hashicorp/azurerm","schema_version":0,"values":{"address_prefixes":["10.12.2.0/24"],"delegation":[],"enforce_private_link_endpoint_network_policies":false,"enforce_private_link_service_network_policies":false,"name":"cr2106nsg-snet","resource_group_name":"cr2106nsg-RG","service_endpoint_policy_ids":null,"service_endpoints":null,"timeouts":null,"virtual_network_name":"cr2106nsg-vnet"}},{"address":"azurerm_subnet_network_security_group_association.associate","mode":"managed","type":"azurerm_subnet_network_security_group_association","name":"associate","provider_name":"registry.terraform.io/hashicorp/azurerm","schema_version":0,"values":{"network_security_group_id":"azurerm_network_security_group.nsg.id","subnet_id":"azurerm_subnet.subnet.id","timeouts":null}},{"address":"azurerm_virtual_network.vnet","mode":"managed","type":"azurerm_virtual_network","name":"vnet","provider_name":"registry.terraform.io/hashicorp/azurerm","schema_version":0,"values":{"address_space":["10.12.0.0/16"],"bgp_community":null,"ddos_protection_plan":[],"dns_servers":null,"location":"westeurope","name":"cr2106nsg-vnet","resource_group_name":"cr2106nsg-RG","tags":null,"timeouts":null,"vm_protection_enabled":false}}]}},"resource_changes":[{"address":"azurerm_network_security_group.nsg","mode":"managed","type":"azurerm_network_security_group","name":"nsg","provider_name":"registry.terraform.io/hashicorp/azurerm","change":{"actions":["create"],"before":null,"after":{"location":"westeurope","name":"cr2106nsg-nsg","resource_group_name":"cr2106nsg-RG","tags":{"environment":"Tests"},"timeouts":null},"after_unknown":{"id":true,"security_rule":true,"tags":{}}}},{"address":"azurerm_resource_group.rg","mode":"managed","type":"azurerm_resource_group","name":"rg","provider_name":"registry.terraform.io/hashicorp/azurerm","change":{"actions":["create"],"before":null,"after":{"location":"westeurope","name":"cr2106nsg-RG","tags":null,"timeouts":null},"after_unknown":{"id":true}}},{"address":"azurerm_subnet.subnet","mode":"managed","type":"azurerm_subnet","name":"subnet","provider_name":"registry.terraform.io/hashicorp/azurerm","change":{"actions":["create"],"before":null,"after":{"address_prefixes":["10.12.2.0/24"],"delegation":[],"enforce_private_link_endpoint_network_policies":false,"enforce_private_link_service_network_policies":false,"name":"cr2106nsg-snet","resource_group_name":"cr2106nsg-RG","service_endpoint_policy_ids":null,"service_endpoints":null,"timeouts":null,"virtual_network_name":"cr2106nsg-vnet"},"after_unknown":{"address_prefix":true,"address_prefixes":[false],"delegation":[],"id":true}}},{"address":"azurerm_subnet_network_security_group_association.associate","mode":"managed","type":"azurerm_subnet_network_security_group_association","name":"associate","provider_name":"registry.terraform.io/hashicorp/azurerm","change":{"actions":["create"],"before":null,"after":{"network_security_group_id":"azurerm_network_security_group.nsg.id","subnet_id":"azurerm_subnet.subnet.id","timeouts":null},"after_unknown":{"id":true}}},{"address":"azurerm_virtual_network.vnet","mode":"managed","type":"azurerm_virtual_network","name":"vnet","provider_name":"registry.terraform.io/hashicorp/azurerm","change":{"actions":["create"],"before":null,"after":{"address_space":["10.12.0.0/16"],"bgp_community":null,"ddos_protection_plan":[],"dns_servers":null,"location":"westeurope","name":"cr2106nsg-vnet","resource_group_name":"cr2106nsg-RG","tags":null,"timeouts":null,"vm_protection_enabled":false},"after_unknown":{"address_space":[false],"ddos_protection_plan":[],"guid":true,"id":true,"subnet":true}}}],"configuration":{"provider_config":{"azurerm":{"name":"azurerm","expressions":{"features":[{}]}}},"root_module":{"resources":[{"address":"azurerm_network_security_group.nsg","mode":"managed","type":"azurerm_network_security_group","name":"nsg","provider_config_key":"azurerm","expressions":{"location":{"references":["azurerm_resource_group.rg"]},"name":{"references":["local.resource_prefix"]},"resource_group_name":{"references":["azurerm_resource_group.rg"]},"tags":{"references":["local.environment"]}},"schema_version":0,"raw_data":{"FileName":"main.tf","StartLine":30,"EndLine":38}},{"address":"azurerm_resource_group.rg","mode":"managed","type":"azurerm_resource_group","name":"rg","provider_config_key":"azurerm","expressions":{"location":{"constant_value":"West Europe"},"name":{"references":["local.resource_prefix"]}},"schema_version":0,"raw_data":{"FileName":"main.tf","StartLine":11,"EndLine":14}},{"address":"azurerm_subnet.subnet","mode":"managed","type":"azurerm_subnet","name":"subnet","provider_config_key":"azurerm","expressions":{"address_prefixes":{"constant_value":["10.12.2.0/24"]},"name":{"references":["local.resource_prefix"]},"resource_group_name":{"references":["azurerm_resource_group.rg"]},"virtual_network_name":{"references":["azurerm_virtual_network.vnet"]}},"schema_version":0,"raw_data":{"FileName":"main.tf","StartLine":23,"EndLine":28}},{"address":"azurerm_subnet_network_security_group_association.associate","mode":"managed","type":"azurerm_subnet_network_security_group_association","name":"associate","provider_config_key":"azurerm","expressions":{"network_security_group_id":{"references":["azurerm_network_security_group.nsg"]},"subnet_id":{"references":["azurerm_subnet.subnet"]}},"schema_version":0,"raw_data":{"FileName":"main.tf","StartLine":40,"EndLine":43}},{"address":"azurerm_virtual_network.vnet","mode":"managed","type":"azurerm_virtual_network","name":"vnet","provider_config_key":"azurerm","expressions":{"address_space":{"constant_value":["10.12.0.0/16"]},"location":{"references":["azurerm_resource_group.rg"]},"name":{"references":["local.resource_prefix"]},"resource_group_name":{"references":["azurerm_resource_group.rg"]}},"schema_version":0,"raw_data":{"FileName":"main.tf","StartLine":16,"EndLine":21}}]}}}
