{"format_version":"0.1","terraform_version":"0.13.4","planned_values":{"root_module":{"resources":[{"address":"aws_db_subnet_group.nondefault","mode":"managed","type":"aws_db_subnet_group","name":"nondefault","provider_name":"registry.terraform.io/hashicorp/aws","schema_version":0,"values":{"description":"Managed by Terraform","name":"nondefault","subnet_ids":["aws_subnet.nondefault_1.id","aws_subnet.nondefault_2.id"],"tags":null}},{"address":"aws_neptune_cluster.encrypted_neptune_cluster","mode":"managed","type":"aws_neptune_cluster","name":"encrypted_neptune_cluster","provider_name":"registry.terraform.io/hashicorp/aws","schema_version":0,"values":{"apply_immediately":true,"backup_retention_period":1,"cluster_identifier":"cloudrail-test-encrypted","deletion_protection":null,"enable_cloudwatch_logs_exports":null,"engine":"neptune","final_snapshot_identifier":null,"iam_database_authentication_enabled":null,"iam_roles":null,"neptune_cluster_parameter_group_name":"default.neptune1","neptune_subnet_group_name":"nondefault","port":8182,"replication_source_identifier":null,"skip_final_snapshot":true,"snapshot_identifier":null,"storage_encrypted":true,"tags":null,"timeouts":null,"vpc_security_group_ids":["aws_security_group.nondefault.id"]}},{"address":"aws_neptune_cluster_instance.neptune_instance[0]","mode":"managed","type":"aws_neptune_cluster_instance","name":"neptune_instance","index":0,"provider_name":"registry.terraform.io/hashicorp/aws","schema_version":0,"values":{"apply_immediately":true,"auto_minor_version_upgrade":true,"cluster_identifier":"aws_neptune_cluster.encrypted_neptune_cluster.id","engine":"neptune","instance_class":"db.r4.large","neptune_parameter_group_name":"default.neptune1","port":8182,"promotion_tier":0,"publicly_accessible":false,"tags":null,"timeouts":null}},{"address":"aws_neptune_cluster_instance.neptune_instance[1]","mode":"managed","type":"aws_neptune_cluster_instance","name":"neptune_instance","index":1,"provider_name":"registry.terraform.io/hashicorp/aws","schema_version":0,"values":{"apply_immediately":true,"auto_minor_version_upgrade":true,"cluster_identifier":"aws_neptune_cluster.encrypted_neptune_cluster.id","engine":"neptune","instance_class":"db.r4.large","neptune_parameter_group_name":"default.neptune1","port":8182,"promotion_tier":0,"publicly_accessible":false,"tags":null,"timeouts":null}},{"address":"aws_security_group.nondefault","mode":"managed","type":"aws_security_group","name":"nondefault","provider_name":"registry.terraform.io/hashicorp/aws","schema_version":1,"values":{"description":"Managed by Terraform","revoke_rules_on_delete":false,"tags":null,"timeouts":null,"vpc_id":"aws_vpc.nondefault.id"}},{"address":"aws_subnet.nondefault_1","mode":"managed","type":"aws_subnet","name":"nondefault_1","provider_name":"registry.terraform.io/hashicorp/aws","schema_version":1,"values":{"assign_ipv6_address_on_creation":false,"availability_zone":"us-east-1a","cidr_block":"10.1.1.128/25","customer_owned_ipv4_pool":null,"ipv6_cidr_block":null,"map_customer_owned_ip_on_launch":null,"map_public_ip_on_launch":false,"outpost_arn":null,"tags":null,"timeouts":null,"vpc_id":"aws_vpc.nondefault.id"}},{"address":"aws_subnet.nondefault_2","mode":"managed","type":"aws_subnet","name":"nondefault_2","provider_name":"registry.terraform.io/hashicorp/aws","schema_version":1,"values":{"assign_ipv6_address_on_creation":false,"availability_zone":"us-east-1b","cidr_block":"10.1.1.0/25","customer_owned_ipv4_pool":null,"ipv6_cidr_block":null,"map_customer_owned_ip_on_launch":null,"map_public_ip_on_launch":false,"outpost_arn":null,"tags":null,"timeouts":null,"vpc_id":"aws_vpc.nondefault.id"}},{"address":"aws_vpc.nondefault","mode":"managed","type":"aws_vpc","name":"nondefault","provider_name":"registry.terraform.io/hashicorp/aws","schema_version":1,"values":{"assign_generated_ipv6_cidr_block":false,"cidr_block":"10.1.1.0/24","enable_dns_support":true,"instance_tenancy":"default","tags":null}}]}},"resource_changes":[{"address":"aws_db_subnet_group.nondefault","mode":"managed","type":"aws_db_subnet_group","name":"nondefault","provider_name":"registry.terraform.io/hashicorp/aws","change":{"actions":["create"],"before":null,"after":{"description":"Managed by Terraform","name":"nondefault","subnet_ids":["aws_subnet.nondefault_1.id","aws_subnet.nondefault_2.id"],"tags":null},"after_unknown":{"arn":true,"id":true,"name_prefix":true,"subnet_ids":[false,false],"tags_all":true}}},{"address":"aws_neptune_cluster.encrypted_neptune_cluster","mode":"managed","type":"aws_neptune_cluster","name":"encrypted_neptune_cluster","provider_name":"registry.terraform.io/hashicorp/aws","change":{"actions":["create"],"before":null,"after":{"apply_immediately":true,"backup_retention_period":1,"cluster_identifier":"cloudrail-test-encrypted","deletion_protection":null,"enable_cloudwatch_logs_exports":null,"engine":"neptune","final_snapshot_identifier":null,"iam_database_authentication_enabled":null,"iam_roles":null,"neptune_cluster_parameter_group_name":"default.neptune1","neptune_subnet_group_name":"nondefault","port":8182,"replication_source_identifier":null,"skip_final_snapshot":true,"snapshot_identifier":null,"storage_encrypted":true,"tags":null,"timeouts":null,"vpc_security_group_ids":["aws_security_group.nondefault.id"]},"after_unknown":{"arn":true,"availability_zones":true,"cluster_identifier_prefix":true,"cluster_members":true,"cluster_resource_id":true,"endpoint":true,"engine_version":true,"hosted_zone_id":true,"id":true,"kms_key_arn":true,"preferred_backup_window":true,"preferred_maintenance_window":true,"reader_endpoint":true,"tags_all":true,"vpc_security_group_ids":[false]}}},{"address":"aws_neptune_cluster_instance.neptune_instance[0]","mode":"managed","type":"aws_neptune_cluster_instance","name":"neptune_instance","index":0,"provider_name":"registry.terraform.io/hashicorp/aws","change":{"actions":["create"],"before":null,"after":{"apply_immediately":true,"auto_minor_version_upgrade":true,"cluster_identifier":"aws_neptune_cluster.encrypted_neptune_cluster.id","engine":"neptune","instance_class":"db.r4.large","neptune_parameter_group_name":"default.neptune1","port":8182,"promotion_tier":0,"publicly_accessible":false,"tags":null,"timeouts":null},"after_unknown":{"address":true,"arn":true,"availability_zone":true,"dbi_resource_id":true,"endpoint":true,"engine_version":true,"id":true,"identifier":true,"identifier_prefix":true,"kms_key_arn":true,"neptune_subnet_group_name":true,"preferred_backup_window":true,"preferred_maintenance_window":true,"storage_encrypted":true,"tags_all":true,"writer":true}}},{"address":"aws_neptune_cluster_instance.neptune_instance[1]","mode":"managed","type":"aws_neptune_cluster_instance","name":"neptune_instance","index":1,"provider_name":"registry.terraform.io/hashicorp/aws","change":{"actions":["create"],"before":null,"after":{"apply_immediately":true,"auto_minor_version_upgrade":true,"cluster_identifier":"aws_neptune_cluster.encrypted_neptune_cluster.id","engine":"neptune","instance_class":"db.r4.large","neptune_parameter_group_name":"default.neptune1","port":8182,"promotion_tier":0,"publicly_accessible":false,"tags":null,"timeouts":null},"after_unknown":{"address":true,"arn":true,"availability_zone":true,"dbi_resource_id":true,"endpoint":true,"engine_version":true,"id":true,"identifier":true,"identifier_prefix":true,"kms_key_arn":true,"neptune_subnet_group_name":true,"preferred_backup_window":true,"preferred_maintenance_window":true,"storage_encrypted":true,"tags_all":true,"writer":true}}},{"address":"aws_security_group.nondefault","mode":"managed","type":"aws_security_group","name":"nondefault","provider_name":"registry.terraform.io/hashicorp/aws","change":{"actions":["create"],"before":null,"after":{"description":"Managed by Terraform","revoke_rules_on_delete":false,"tags":null,"timeouts":null,"vpc_id":"aws_vpc.nondefault.id"},"after_unknown":{"arn":true,"egress":true,"id":true,"ingress":true,"name":true,"name_prefix":true,"owner_id":true,"tags_all":true}}},{"address":"aws_subnet.nondefault_1","mode":"managed","type":"aws_subnet","name":"nondefault_1","provider_name":"registry.terraform.io/hashicorp/aws","change":{"actions":["create"],"before":null,"after":{"assign_ipv6_address_on_creation":false,"availability_zone":"us-east-1a","cidr_block":"10.1.1.128/25","customer_owned_ipv4_pool":null,"ipv6_cidr_block":null,"map_customer_owned_ip_on_launch":null,"map_public_ip_on_launch":false,"outpost_arn":null,"tags":null,"timeouts":null,"vpc_id":"aws_vpc.nondefault.id"},"after_unknown":{"arn":true,"availability_zone_id":true,"id":true,"ipv6_cidr_block_association_id":true,"owner_id":true,"tags_all":true}}},{"address":"aws_subnet.nondefault_2","mode":"managed","type":"aws_subnet","name":"nondefault_2","provider_name":"registry.terraform.io/hashicorp/aws","change":{"actions":["create"],"before":null,"after":{"assign_ipv6_address_on_creation":false,"availability_zone":"us-east-1b","cidr_block":"10.1.1.0/25","customer_owned_ipv4_pool":null,"ipv6_cidr_block":null,"map_customer_owned_ip_on_launch":null,"map_public_ip_on_launch":false,"outpost_arn":null,"tags":null,"timeouts":null,"vpc_id":"aws_vpc.nondefault.id"},"after_unknown":{"arn":true,"availability_zone_id":true,"id":true,"ipv6_cidr_block_association_id":true,"owner_id":true,"tags_all":true}}},{"address":"aws_vpc.nondefault","mode":"managed","type":"aws_vpc","name":"nondefault","provider_name":"registry.terraform.io/hashicorp/aws","change":{"actions":["create"],"before":null,"after":{"assign_generated_ipv6_cidr_block":false,"cidr_block":"10.1.1.0/24","enable_dns_support":true,"instance_tenancy":"default","tags":null},"after_unknown":{"arn":true,"default_network_acl_id":true,"default_route_table_id":true,"default_security_group_id":true,"dhcp_options_id":true,"enable_classiclink":true,"enable_classiclink_dns_support":true,"enable_dns_hostnames":true,"id":true,"ipv6_association_id":true,"ipv6_cidr_block":true,"main_route_table_id":true,"owner_id":true,"tags_all":true}}}],"configuration":{"provider_config":{"aws":{"name":"aws","expressions":{"region":{"constant_value":"us-east-1"}}}},"root_module":{"resources":[{"address":"aws_db_subnet_group.nondefault","mode":"managed","type":"aws_db_subnet_group","name":"nondefault","provider_config_key":"aws","expressions":{"name":{"constant_value":"nondefault"},"subnet_ids":{"references":["aws_subnet.nondefault_1","aws_subnet.nondefault_2"]}},"schema_version":0,"raw_data":{"FileName":"main.tf","StartLine":22,"EndLine":27}},{"address":"aws_neptune_cluster.encrypted_neptune_cluster","mode":"managed","type":"aws_neptune_cluster","name":"encrypted_neptune_cluster","provider_config_key":"aws","expressions":{"apply_immediately":{"constant_value":true},"cluster_identifier":{"constant_value":"cloudrail-test-encrypted"},"engine":{"constant_value":"neptune"},"neptune_subnet_group_name":{"references":["aws_db_subnet_group.nondefault"]},"skip_final_snapshot":{"constant_value":true},"storage_encrypted":{"constant_value":true},"vpc_security_group_ids":{"references":["aws_security_group.nondefault"]}},"schema_version":0,"raw_data":{"FileName":"main.tf","StartLine":29,"EndLine":37}},{"address":"aws_neptune_cluster_instance.neptune_instance","mode":"managed","type":"aws_neptune_cluster_instance","name":"neptune_instance","provider_config_key":"aws","expressions":{"apply_immediately":{"constant_value":true},"cluster_identifier":{"references":["aws_neptune_cluster.encrypted_neptune_cluster"]},"engine":{"constant_value":"neptune"},"instance_class":{"constant_value":"db.r4.large"}},"schema_version":0,"count_expression":{"constant_value":2},"raw_data":{"FileName":"main.tf","StartLine":39,"EndLine":45}},{"address":"aws_security_group.nondefault","mode":"managed","type":"aws_security_group","name":"nondefault","provider_config_key":"aws","expressions":{"vpc_id":{"references":["aws_vpc.nondefault"]}},"schema_version":1,"raw_data":{"FileName":"main.tf","StartLine":6,"EndLine":8}},{"address":"aws_subnet.nondefault_1","mode":"managed","type":"aws_subnet","name":"nondefault_1","provider_config_key":"aws","expressions":{"availability_zone":{"constant_value":"us-east-1a"},"cidr_block":{"constant_value":"10.1.1.128/25"},"vpc_id":{"references":["aws_vpc.nondefault"]}},"schema_version":1,"raw_data":{"FileName":"main.tf","StartLine":10,"EndLine":14}},{"address":"aws_subnet.nondefault_2","mode":"managed","type":"aws_subnet","name":"nondefault_2","provider_config_key":"aws","expressions":{"availability_zone":{"constant_value":"us-east-1b"},"cidr_block":{"constant_value":"10.1.1.0/25"},"vpc_id":{"references":["aws_vpc.nondefault"]}},"schema_version":1,"raw_data":{"FileName":"main.tf","StartLine":16,"EndLine":20}},{"address":"aws_vpc.nondefault","mode":"managed","type":"aws_vpc","name":"nondefault","provider_config_key":"aws","expressions":{"cidr_block":{"constant_value":"10.1.1.0/24"}},"schema_version":1,"raw_data":{"FileName":"main.tf","StartLine":2,"EndLine":4}}]}}}
