{"format_version":"0.1","terraform_version":"0.13.4","planned_values":{"root_module":{"resources":[{"address":"azurerm_mysql_server.example","mode":"managed","type":"azurerm_mysql_server","name":"example","provider_name":"registry.terraform.io/hashicorp/azurerm","schema_version":0,"values":{"administrator_login":"mysqladminun","administrator_login_password":"H@Sh1CoR3!","auto_grow_enabled":true,"backup_retention_days":7,"create_mode":"Default","creation_source_server_id":null,"geo_redundant_backup_enabled":false,"identity":[],"infrastructure_encryption_enabled":false,"location":"westeurope","name":"cr2466-mysqlserver","public_network_access_enabled":true,"resource_group_name":"cr2466-RG","restore_point_in_time":null,"sku_name":"B_Gen5_2","ssl_enforcement_enabled":true,"ssl_minimal_tls_version_enforced":"TLS1_2","storage_mb":5120,"tags":null,"threat_detection_policy":[],"timeouts":null,"version":"8.0"}},{"address":"azurerm_resource_group.rg","mode":"managed","type":"azurerm_resource_group","name":"rg","provider_name":"registry.terraform.io/hashicorp/azurerm","schema_version":0,"values":{"location":"westeurope","name":"cr2466-RG","tags":null,"timeouts":null}}]}},"resource_changes":[{"address":"azurerm_mysql_server.example","mode":"managed","type":"azurerm_mysql_server","name":"example","provider_name":"registry.terraform.io/hashicorp/azurerm","change":{"actions":["create"],"before":null,"after":{"administrator_login":"mysqladminun","administrator_login_password":"H@Sh1CoR3!","auto_grow_enabled":true,"backup_retention_days":7,"create_mode":"Default","creation_source_server_id":null,"geo_redundant_backup_enabled":false,"identity":[],"infrastructure_encryption_enabled":false,"location":"westeurope","name":"cr2466-mysqlserver","public_network_access_enabled":true,"resource_group_name":"cr2466-RG","restore_point_in_time":null,"sku_name":"B_Gen5_2","ssl_enforcement_enabled":true,"ssl_minimal_tls_version_enforced":"TLS1_2","storage_mb":5120,"tags":null,"threat_detection_policy":[],"timeouts":null,"version":"8.0"},"after_unknown":{"fqdn":true,"id":true,"identity":[],"ssl_enforcement":true,"storage_profile":true,"threat_detection_policy":[]}}},{"address":"azurerm_resource_group.rg","mode":"managed","type":"azurerm_resource_group","name":"rg","provider_name":"registry.terraform.io/hashicorp/azurerm","change":{"actions":["create"],"before":null,"after":{"location":"westeurope","name":"cr2466-RG","tags":null,"timeouts":null},"after_unknown":{"id":true}}}],"configuration":{"provider_config":{"azurerm":{"name":"azurerm","expressions":{"features":[{}],"subscription_id":{"constant_value":"230613d8-3b34-4790-b650-36f31045f19a"}}}},"root_module":{"resources":[{"address":"azurerm_mysql_server.example","mode":"managed","type":"azurerm_mysql_server","name":"example","provider_config_key":"azurerm","expressions":{"administrator_login":{"constant_value":"mysqladminun"},"administrator_login_password":{"constant_value":"H@Sh1CoR3!"},"auto_grow_enabled":{"constant_value":true},"backup_retention_days":{"constant_value":7},"geo_redundant_backup_enabled":{"constant_value":false},"infrastructure_encryption_enabled":{"constant_value":false},"location":{"references":["azurerm_resource_group.rg"]},"name":{"references":["local.resource_prefix"]},"public_network_access_enabled":{"constant_value":true},"resource_group_name":{"references":["azurerm_resource_group.rg"]},"sku_name":{"constant_value":"B_Gen5_2"},"ssl_enforcement_enabled":{"constant_value":true},"ssl_minimal_tls_version_enforced":{"constant_value":"TLS1_2"},"storage_mb":{"constant_value":5120},"version":{"constant_value":"8.0"}},"schema_version":0,"raw_data":{"FileName":"main.tf","StartLine":16,"EndLine":35}},{"address":"azurerm_resource_group.rg","mode":"managed","type":"azurerm_resource_group","name":"rg","provider_config_key":"azurerm","expressions":{"location":{"constant_value":"West Europe"},"name":{"references":["local.resource_prefix"]}},"schema_version":0,"raw_data":{"FileName":"main.tf","StartLine":11,"EndLine":14}}]}}}
