{"format_version":"0.1","terraform_version":"0.12.29","planned_values":{"root_module":{"resources":[{"address":"aws_launch_template.launch_template_test","mode":"managed","type":"aws_launch_template","name":"launch_template_test","provider_name":"aws","schema_version":0,"values":{"block_device_mappings":[],"capacity_reservation_specification":[],"cpu_options":[],"credit_specification":[],"description":null,"disable_api_termination":null,"ebs_optimized":null,"elastic_gpu_specifications":[],"elastic_inference_accelerator":[],"enclave_options":[],"hibernation_options":[],"iam_instance_profile":[],"image_id":"ami-022f8e8ca7e5665d7","instance_initiated_shutdown_behavior":null,"instance_market_options":[],"instance_type":"t2.micro","kernel_id":null,"key_name":null,"license_specification":[],"metadata_options":[{"http_endpoint":"enabled","http_put_response_hop_limit":1,"http_tokens":"required"}],"monitoring":[],"name":"launch_template_test","name_prefix":null,"network_interfaces":[{"associate_carrier_ip_address":null,"associate_public_ip_address":"true","delete_on_termination":null,"description":null,"device_index":null,"ipv4_address_count":null,"ipv4_addresses":null,"ipv6_address_count":null,"ipv6_addresses":null,"network_interface_id":null,"private_ip_address":null,"security_groups":null,"subnet_id":null}],"placement":[{"affinity":null,"availability_zone":"us-east-2a","group_name":null,"host_id":null,"partition_number":null,"spread_domain":null,"tenancy":null}],"ram_disk_id":null,"security_group_names":null,"tag_specifications":[{"resource_type":"instance","tags":{"Name":"test"}}],"tags":null,"update_default_version":null,"user_data":null,"vpc_security_group_ids":["aws_security_group.allow-http.id"]}},{"address":"aws_security_group.allow-http","mode":"managed","type":"aws_security_group","name":"allow-http","provider_name":"aws","schema_version":1,"values":{"description":"allow http","egress":[{"cidr_blocks":["0.0.0.0/0"],"description":"","from_port":0,"ipv6_cidr_blocks":[],"prefix_list_ids":[],"protocol":"-1","security_groups":[],"self":false,"to_port":0}],"ingress":[{"cidr_blocks":["0.0.0.0/0"],"description":"","from_port":80,"ipv6_cidr_blocks":[],"prefix_list_ids":[],"protocol":"tcp","security_groups":[],"self":false,"to_port":80}],"revoke_rules_on_delete":false,"tags":null,"timeouts":null}},{"address":"aws_security_group.unused","mode":"managed","type":"aws_security_group","name":"unused","provider_name":"aws","schema_version":1,"values":{"description":"Managed by Terraform","ingress":[{"cidr_blocks":["0.0.0.0/0"],"description":"","from_port":53,"ipv6_cidr_blocks":[],"prefix_list_ids":[],"protocol":"udp","security_groups":[],"self":false,"to_port":53}],"name":"Unused security group","revoke_rules_on_delete":false,"tags":null,"timeouts":null}}]}},"resource_changes":[{"address":"aws_launch_template.launch_template_test","mode":"managed","type":"aws_launch_template","name":"launch_template_test","provider_name":"aws","change":{"actions":["create"],"before":null,"after":{"block_device_mappings":[],"capacity_reservation_specification":[],"cpu_options":[],"credit_specification":[],"description":null,"disable_api_termination":null,"ebs_optimized":null,"elastic_gpu_specifications":[],"elastic_inference_accelerator":[],"enclave_options":[],"hibernation_options":[],"iam_instance_profile":[],"image_id":"ami-022f8e8ca7e5665d7","instance_initiated_shutdown_behavior":null,"instance_market_options":[],"instance_type":"t2.micro","kernel_id":null,"key_name":null,"license_specification":[],"metadata_options":[{"http_endpoint":"enabled","http_put_response_hop_limit":1,"http_tokens":"required"}],"monitoring":[],"name":"launch_template_test","name_prefix":null,"network_interfaces":[{"associate_carrier_ip_address":null,"associate_public_ip_address":"true","delete_on_termination":null,"description":null,"device_index":null,"ipv4_address_count":null,"ipv4_addresses":null,"ipv6_address_count":null,"ipv6_addresses":null,"network_interface_id":null,"private_ip_address":null,"security_groups":null,"subnet_id":null}],"placement":[{"affinity":null,"availability_zone":"us-east-2a","group_name":null,"host_id":null,"partition_number":null,"spread_domain":null,"tenancy":null}],"ram_disk_id":null,"security_group_names":null,"tag_specifications":[{"resource_type":"instance","tags":{"Name":"test"}}],"tags":null,"update_default_version":null,"user_data":null,"vpc_security_group_ids":["aws_security_group.allow-http.id"]},"after_unknown":{"arn":true,"block_device_mappings":[],"capacity_reservation_specification":[],"cpu_options":[],"credit_specification":[],"default_version":true,"elastic_gpu_specifications":[],"elastic_inference_accelerator":[],"enclave_options":[],"hibernation_options":[],"iam_instance_profile":[],"id":true,"instance_market_options":[],"latest_version":true,"license_specification":[],"metadata_options":[{}],"monitoring":[],"network_interfaces":[{}],"placement":[{}],"tag_specifications":[{"tags":{}}],"vpc_security_group_ids":[false]}}},{"address":"aws_security_group.allow-http","mode":"managed","type":"aws_security_group","name":"allow-http","provider_name":"aws","change":{"actions":["create"],"before":null,"after":{"description":"allow http","egress":[{"cidr_blocks":["0.0.0.0/0"],"description":"","from_port":0,"ipv6_cidr_blocks":[],"prefix_list_ids":[],"protocol":"-1","security_groups":[],"self":false,"to_port":0}],"ingress":[{"cidr_blocks":["0.0.0.0/0"],"description":"","from_port":80,"ipv6_cidr_blocks":[],"prefix_list_ids":[],"protocol":"tcp","security_groups":[],"self":false,"to_port":80}],"revoke_rules_on_delete":false,"tags":null,"timeouts":null},"after_unknown":{"arn":true,"egress":[{"cidr_blocks":[false],"ipv6_cidr_blocks":[],"prefix_list_ids":[],"security_groups":[]}],"id":true,"ingress":[{"cidr_blocks":[false],"ipv6_cidr_blocks":[],"prefix_list_ids":[],"security_groups":[]}],"name":true,"name_prefix":true,"owner_id":true,"vpc_id":true}}},{"address":"aws_security_group.unused","mode":"managed","type":"aws_security_group","name":"unused","provider_name":"aws","change":{"actions":["create"],"before":null,"after":{"description":"Managed by Terraform","ingress":[{"cidr_blocks":["0.0.0.0/0"],"description":"","from_port":53,"ipv6_cidr_blocks":[],"prefix_list_ids":[],"protocol":"udp","security_groups":[],"self":false,"to_port":53}],"name":"Unused security group","revoke_rules_on_delete":false,"tags":null,"timeouts":null},"after_unknown":{"arn":true,"egress":true,"id":true,"ingress":[{"cidr_blocks":[false],"ipv6_cidr_blocks":[],"prefix_list_ids":[],"security_groups":[]}],"name_prefix":true,"owner_id":true,"vpc_id":true}}}],"configuration":{"provider_config":{"aws":{"name":"aws","expressions":{"region":{"constant_value":"us-east-1"}}}},"root_module":{"resources":[{"address":"aws_launch_template.launch_template_test","mode":"managed","type":"aws_launch_template","name":"launch_template_test","provider_config_key":"aws","expressions":{"image_id":{"constant_value":"ami-022f8e8ca7e5665d7"},"instance_type":{"constant_value":"t2.micro"},"metadata_options":[{"http_endpoint":{"constant_value":"enabled"},"http_put_response_hop_limit":{"constant_value":1},"http_tokens":{"constant_value":"required"}}],"name":{"constant_value":"launch_template_test"},"network_interfaces":[{"associate_public_ip_address":{"constant_value":true}}],"placement":[{"availability_zone":{"constant_value":"us-east-2a"}}],"tag_specifications":[{"resource_type":{"constant_value":"instance"},"tags":{"constant_value":{"Name":"test"}}}],"vpc_security_group_ids":{"references":["aws_security_group.allow-http"]}},"schema_version":0,"raw_data":{"FileName":"main.tf","StartLine":9,"EndLine":38}},{"address":"aws_security_group.allow-http","mode":"managed","type":"aws_security_group","name":"allow-http","provider_config_key":"aws","expressions":{"description":{"constant_value":"allow http"}},"schema_version":1,"raw_data":{"FileName":"main.tf","StartLine":40,"EndLine":55}},{"address":"aws_security_group.unused","mode":"managed","type":"aws_security_group","name":"unused","provider_config_key":"aws","expressions":{"name":{"constant_value":"Unused security group"}},"schema_version":1,"raw_data":{"FileName":"main.tf","StartLine":57,"EndLine":67}}]}}}
