{
  "version": 4,
  "terraform_version": "0.15.4",
  "serial": 1330,
  "lineage": "17d42b56-6ea0-ca6f-1292-70c99f478f58",
  "outputs": {},
  "resources": [
    {
      "mode": "data",
      "type": "aws_availability_zones",
      "name": "available",
      "provider": "provider[\"registry.terraform.io/hashicorp/aws\"]",
      "instances": [
        {
          "schema_version": 0,
          "attributes": {
            "all_availability_zones": null,
            "exclude_names": null,
            "exclude_zone_ids": null,
            "filter": null,
            "group_names": [
              "us-east-1"
            ],
            "id": "us-east-1",
            "names": [
              "us-east-1a",
              "us-east-1b",
              "us-east-1c",
              "us-east-1d",
              "us-east-1e",
              "us-east-1f"
            ],
            "state": "available",
            "zone_ids": [
              "use1-az1",
              "use1-az2",
              "use1-az4",
              "use1-az6",
              "use1-az3",
              "use1-az5"
            ]
          },
          "sensitive_attributes": []
        }
      ]
    },
    {
      "mode": "managed",
      "type": "aws_emr_cluster",
      "name": "test",
      "provider": "provider[\"registry.terraform.io/hashicorp/aws\"]",
      "instances": [
        {
          "schema_version": 0,
          "attributes": {
            "additional_info": null,
            "applications": [
              "Spark"
            ],
            "arn": "arn:aws:elasticmapreduce:us-east-1:115553109071:cluster/j-A2N5Z676VSG7",
            "autoscaling_role": "",
            "bootstrap_action": [],
            "cluster_state": "WAITING",
            "configurations": null,
            "configurations_json": null,
            "core_instance_fleet": null,
            "core_instance_group": [
              {
                "autoscaling_policy": "",
                "bid_price": "",
                "ebs_config": [
                  {
                    "iops": null,
                    "size": 40,
                    "type": "gp2",
                    "volumes_per_instance": 1
                  }
                ],
                "id": "ig-2A9VGYCG4PLH4",
                "instance_count": 1,
                "instance_type": "c4.large",
                "name": ""
              }
            ],
            "custom_ami_id": null,
            "ebs_root_volume_size": 100,
            "ec2_attributes": [
              {
                "additional_master_security_groups": "sg-0f6e247353684305d,sg-085e7ed5262da6c8a",
                "additional_slave_security_groups": "sg-095b9e75abee16ba4,sg-01d50f0e39f91bd09",
                "emr_managed_master_security_group": "sg-0a8dc8b72c761ba94",
                "emr_managed_slave_security_group": "sg-06dc0e5ff0af7ac5c",
                "instance_profile": "arn:aws:iam::115553109071:instance-profile/emr_profile",
                "key_name": "",
                "service_access_security_group": "sg-05f8a9c838495c975",
                "subnet_id": "subnet-021a05feee64ea2b2",
                "subnet_ids": [
                  "subnet-021a05feee64ea2b2"
                ]
              }
            ],
            "id": "j-A2N5Z676VSG7",
            "keep_job_flow_alive_when_no_steps": true,
            "kerberos_attributes": [],
            "log_uri": "",
            "master_instance_fleet": null,
            "master_instance_group": [
              {
                "bid_price": "",
                "ebs_config": [
                  {
                    "iops": 0,
                    "size": 32,
                    "type": "gp2",
                    "volumes_per_instance": 1
                  }
                ],
                "id": "ig-2O182G1DORSKC",
                "instance_count": 1,
                "instance_type": "m4.large",
                "name": ""
              }
            ],
            "master_public_dns": "ip-192-168-10-196.ec2.internal",
            "name": "emr-test",
            "release_label": "emr-4.6.0",
            "scale_down_behavior": "TERMINATE_AT_TASK_COMPLETION",
            "security_configuration": "",
            "service_role": "arn:aws:iam::115553109071:role/iam_emr_service_role",
            "step": [],
            "step_concurrency_level": 1,
            "tags": null,
            "tags_all": {},
            "termination_protection": false,
            "visible_to_all_users": true
          },
          "sensitive_attributes": [],
          "private": "bnVsbA==",
          "dependencies": [
            "aws_iam_instance_profile.emr_profile",
            "aws_iam_role.iam_emr_service_role",
            "aws_security_group.additional_master_1",
            "aws_security_group.additional_master_2",
            "aws_security_group.additional_slave_1",
            "aws_security_group.additional_slave_2",
            "aws_security_group.emr_service",
            "aws_security_group.master",
            "aws_security_group.slave",
            "data.aws_availability_zones.available",
            "module.vpc.aws_cloudwatch_log_group.flow_log",
            "module.vpc.aws_customer_gateway.this",
            "module.vpc.aws_db_subnet_group.database",
            "module.vpc.aws_default_network_acl.this",
            "module.vpc.aws_default_route_table.default",
            "module.vpc.aws_default_security_group.this",
            "module.vpc.aws_default_vpc.this",
            "module.vpc.aws_egress_only_internet_gateway.this",
            "module.vpc.aws_eip.nat",
            "module.vpc.aws_elasticache_subnet_group.elasticache",
            "module.vpc.aws_flow_log.this",
            "module.vpc.aws_iam_policy.vpc_flow_log_cloudwatch",
            "module.vpc.aws_iam_role.vpc_flow_log_cloudwatch",
            "module.vpc.aws_iam_role_policy_attachment.vpc_flow_log_cloudwatch",
            "module.vpc.aws_internet_gateway.this",
            "module.vpc.aws_nat_gateway.this",
            "module.vpc.aws_network_acl.database",
            "module.vpc.aws_network_acl.elasticache",
            "module.vpc.aws_network_acl.intra",
            "module.vpc.aws_network_acl.private",
            "module.vpc.aws_network_acl.public",
            "module.vpc.aws_network_acl.redshift",
            "module.vpc.aws_network_acl_rule.database_inbound",
            "module.vpc.aws_network_acl_rule.database_outbound",
            "module.vpc.aws_network_acl_rule.elasticache_inbound",
            "module.vpc.aws_network_acl_rule.elasticache_outbound",
            "module.vpc.aws_network_acl_rule.intra_inbound",
            "module.vpc.aws_network_acl_rule.intra_outbound",
            "module.vpc.aws_network_acl_rule.private_inbound",
            "module.vpc.aws_network_acl_rule.private_outbound",
            "module.vpc.aws_network_acl_rule.public_inbound",
            "module.vpc.aws_network_acl_rule.public_outbound",
            "module.vpc.aws_network_acl_rule.redshift_inbound",
            "module.vpc.aws_network_acl_rule.redshift_outbound",
            "module.vpc.aws_redshift_subnet_group.redshift",
            "module.vpc.aws_route.database_internet_gateway",
            "module.vpc.aws_route.database_ipv6_egress",
            "module.vpc.aws_route.database_nat_gateway",
            "module.vpc.aws_route.private_ipv6_egress",
            "module.vpc.aws_route.private_nat_gateway",
            "module.vpc.aws_route.public_internet_gateway",
            "module.vpc.aws_route.public_internet_gateway_ipv6",
            "module.vpc.aws_route_table.database",
            "module.vpc.aws_route_table.elasticache",
            "module.vpc.aws_route_table.intra",
            "module.vpc.aws_route_table.private",
            "module.vpc.aws_route_table.public",
            "module.vpc.aws_route_table.redshift",
            "module.vpc.aws_route_table_association.database",
            "module.vpc.aws_route_table_association.elasticache",
            "module.vpc.aws_route_table_association.intra",
            "module.vpc.aws_route_table_association.private",
            "module.vpc.aws_route_table_association.public",
            "module.vpc.aws_route_table_association.redshift",
            "module.vpc.aws_route_table_association.redshift_public",
            "module.vpc.aws_subnet.database",
            "module.vpc.aws_subnet.elasticache",
            "module.vpc.aws_subnet.intra",
            "module.vpc.aws_subnet.private",
            "module.vpc.aws_subnet.public",
            "module.vpc.aws_subnet.redshift",
            "module.vpc.aws_vpc.this",
            "module.vpc.aws_vpc_dhcp_options.this",
            "module.vpc.aws_vpc_dhcp_options_association.this",
            "module.vpc.aws_vpc_endpoint.access_analyzer",
            "module.vpc.aws_vpc_endpoint.acm_pca",
            "module.vpc.aws_vpc_endpoint.apigw",
            "module.vpc.aws_vpc_endpoint.appmesh_envoy_management",
            "module.vpc.aws_vpc_endpoint.appstream_api",
            "module.vpc.aws_vpc_endpoint.appstream_streaming",
            "module.vpc.aws_vpc_endpoint.athena",
            "module.vpc.aws_vpc_endpoint.auto_scaling_plans",
            "module.vpc.aws_vpc_endpoint.cloud_directory",
            "module.vpc.aws_vpc_endpoint.cloudformation",
            "module.vpc.aws_vpc_endpoint.cloudtrail",
            "module.vpc.aws_vpc_endpoint.codeartifact_api",
            "module.vpc.aws_vpc_endpoint.codeartifact_repositories",
            "module.vpc.aws_vpc_endpoint.codebuild",
            "module.vpc.aws_vpc_endpoint.codecommit",
            "module.vpc.aws_vpc_endpoint.codedeploy",
            "module.vpc.aws_vpc_endpoint.codedeploy_commands_secure",
            "module.vpc.aws_vpc_endpoint.codepipeline",
            "module.vpc.aws_vpc_endpoint.config",
            "module.vpc.aws_vpc_endpoint.datasync",
            "module.vpc.aws_vpc_endpoint.dms",
            "module.vpc.aws_vpc_endpoint.dynamodb",
            "module.vpc.aws_vpc_endpoint.ebs",
            "module.vpc.aws_vpc_endpoint.ec2",
            "module.vpc.aws_vpc_endpoint.ec2_autoscaling",
            "module.vpc.aws_vpc_endpoint.ec2messages",
            "module.vpc.aws_vpc_endpoint.ecr_api",
            "module.vpc.aws_vpc_endpoint.ecr_dkr",
            "module.vpc.aws_vpc_endpoint.ecs",
            "module.vpc.aws_vpc_endpoint.ecs_agent",
            "module.vpc.aws_vpc_endpoint.ecs_telemetry",
            "module.vpc.aws_vpc_endpoint.efs",
            "module.vpc.aws_vpc_endpoint.elastic_inference_runtime",
            "module.vpc.aws_vpc_endpoint.elasticbeanstalk",
            "module.vpc.aws_vpc_endpoint.elasticbeanstalk_health",
            "module.vpc.aws_vpc_endpoint.elasticloadbalancing",
            "module.vpc.aws_vpc_endpoint.emr",
            "module.vpc.aws_vpc_endpoint.events",
            "module.vpc.aws_vpc_endpoint.git_codecommit",
            "module.vpc.aws_vpc_endpoint.glue",
            "module.vpc.aws_vpc_endpoint.kinesis_firehose",
            "module.vpc.aws_vpc_endpoint.kinesis_streams",
            "module.vpc.aws_vpc_endpoint.kms",
            "module.vpc.aws_vpc_endpoint.lambda",
            "module.vpc.aws_vpc_endpoint.logs",
            "module.vpc.aws_vpc_endpoint.monitoring",
            "module.vpc.aws_vpc_endpoint.qldb_session",
            "module.vpc.aws_vpc_endpoint.rds",
            "module.vpc.aws_vpc_endpoint.rekognition",
            "module.vpc.aws_vpc_endpoint.s3",
            "module.vpc.aws_vpc_endpoint.sagemaker_api",
            "module.vpc.aws_vpc_endpoint.sagemaker_notebook",
            "module.vpc.aws_vpc_endpoint.sagemaker_runtime",
            "module.vpc.aws_vpc_endpoint.secretsmanager",
            "module.vpc.aws_vpc_endpoint.servicecatalog",
            "module.vpc.aws_vpc_endpoint.ses",
            "module.vpc.aws_vpc_endpoint.sms",
            "module.vpc.aws_vpc_endpoint.sns",
            "module.vpc.aws_vpc_endpoint.sqs",
            "module.vpc.aws_vpc_endpoint.ssm",
            "module.vpc.aws_vpc_endpoint.ssmmessages",
            "module.vpc.aws_vpc_endpoint.states",
            "module.vpc.aws_vpc_endpoint.storagegateway",
            "module.vpc.aws_vpc_endpoint.sts",
            "module.vpc.aws_vpc_endpoint.textract",
            "module.vpc.aws_vpc_endpoint.transfer",
            "module.vpc.aws_vpc_endpoint.transferserver",
            "module.vpc.aws_vpc_endpoint.workspaces",
            "module.vpc.aws_vpc_endpoint_route_table_association.intra_dynamodb",
            "module.vpc.aws_vpc_endpoint_route_table_association.intra_s3",
            "module.vpc.aws_vpc_endpoint_route_table_association.private_dynamodb",
            "module.vpc.aws_vpc_endpoint_route_table_association.private_s3",
            "module.vpc.aws_vpc_endpoint_route_table_association.public_dynamodb",
            "module.vpc.aws_vpc_endpoint_route_table_association.public_s3",
            "module.vpc.aws_vpc_ipv4_cidr_block_association.this",
            "module.vpc.aws_vpn_gateway.this",
            "module.vpc.aws_vpn_gateway_attachment.this",
            "module.vpc.aws_vpn_gateway_route_propagation.intra",
            "module.vpc.aws_vpn_gateway_route_propagation.private",
            "module.vpc.aws_vpn_gateway_route_propagation.public",
            "module.vpc.data.aws_iam_policy_document.flow_log_cloudwatch_assume_role",
            "module.vpc.data.aws_iam_policy_document.vpc_flow_log_cloudwatch",
            "module.vpc.data.aws_vpc_endpoint_service.access_analyzer",
            "module.vpc.data.aws_vpc_endpoint_service.acm_pca",
            "module.vpc.data.aws_vpc_endpoint_service.apigw",
            "module.vpc.data.aws_vpc_endpoint_service.appmesh_envoy_management",
            "module.vpc.data.aws_vpc_endpoint_service.appstream_api",
            "module.vpc.data.aws_vpc_endpoint_service.appstream_streaming",
            "module.vpc.data.aws_vpc_endpoint_service.athena",
            "module.vpc.data.aws_vpc_endpoint_service.auto_scaling_plans",
            "module.vpc.data.aws_vpc_endpoint_service.cloud_directory",
            "module.vpc.data.aws_vpc_endpoint_service.cloudformation",
            "module.vpc.data.aws_vpc_endpoint_service.cloudtrail",
            "module.vpc.data.aws_vpc_endpoint_service.codeartifact_api",
            "module.vpc.data.aws_vpc_endpoint_service.codeartifact_repositories",
            "module.vpc.data.aws_vpc_endpoint_service.codebuild",
            "module.vpc.data.aws_vpc_endpoint_service.codecommit",
            "module.vpc.data.aws_vpc_endpoint_service.codedeploy",
            "module.vpc.data.aws_vpc_endpoint_service.codedeploy_commands_secure",
            "module.vpc.data.aws_vpc_endpoint_service.codepipeline",
            "module.vpc.data.aws_vpc_endpoint_service.config",
            "module.vpc.data.aws_vpc_endpoint_service.datasync",
            "module.vpc.data.aws_vpc_endpoint_service.dms",
            "module.vpc.data.aws_vpc_endpoint_service.dynamodb",
            "module.vpc.data.aws_vpc_endpoint_service.ebs",
            "module.vpc.data.aws_vpc_endpoint_service.ec2",
            "module.vpc.data.aws_vpc_endpoint_service.ec2_autoscaling",
            "module.vpc.data.aws_vpc_endpoint_service.ec2messages",
            "module.vpc.data.aws_vpc_endpoint_service.ecr_api",
            "module.vpc.data.aws_vpc_endpoint_service.ecr_dkr",
            "module.vpc.data.aws_vpc_endpoint_service.ecs",
            "module.vpc.data.aws_vpc_endpoint_service.ecs_agent",
            "module.vpc.data.aws_vpc_endpoint_service.ecs_telemetry",
            "module.vpc.data.aws_vpc_endpoint_service.efs",
            "module.vpc.data.aws_vpc_endpoint_service.elastic_inference_runtime",
            "module.vpc.data.aws_vpc_endpoint_service.elasticbeanstalk",
            "module.vpc.data.aws_vpc_endpoint_service.elasticbeanstalk_health",
            "module.vpc.data.aws_vpc_endpoint_service.elasticloadbalancing",
            "module.vpc.data.aws_vpc_endpoint_service.emr",
            "module.vpc.data.aws_vpc_endpoint_service.events",
            "module.vpc.data.aws_vpc_endpoint_service.git_codecommit",
            "module.vpc.data.aws_vpc_endpoint_service.glue",
            "module.vpc.data.aws_vpc_endpoint_service.kinesis_firehose",
            "module.vpc.data.aws_vpc_endpoint_service.kinesis_streams",
            "module.vpc.data.aws_vpc_endpoint_service.kms",
            "module.vpc.data.aws_vpc_endpoint_service.lambda",
            "module.vpc.data.aws_vpc_endpoint_service.logs",
            "module.vpc.data.aws_vpc_endpoint_service.monitoring",
            "module.vpc.data.aws_vpc_endpoint_service.qldb_session",
            "module.vpc.data.aws_vpc_endpoint_service.rds",
            "module.vpc.data.aws_vpc_endpoint_service.rekognition",
            "module.vpc.data.aws_vpc_endpoint_service.s3",
            "module.vpc.data.aws_vpc_endpoint_service.sagemaker_api",
            "module.vpc.data.aws_vpc_endpoint_service.sagemaker_notebook",
            "module.vpc.data.aws_vpc_endpoint_service.sagemaker_runtime",
            "module.vpc.data.aws_vpc_endpoint_service.secretsmanager",
            "module.vpc.data.aws_vpc_endpoint_service.servicecatalog",
            "module.vpc.data.aws_vpc_endpoint_service.ses",
            "module.vpc.data.aws_vpc_endpoint_service.sms",
            "module.vpc.data.aws_vpc_endpoint_service.sns",
            "module.vpc.data.aws_vpc_endpoint_service.sqs",
            "module.vpc.data.aws_vpc_endpoint_service.ssm",
            "module.vpc.data.aws_vpc_endpoint_service.ssmmessages",
            "module.vpc.data.aws_vpc_endpoint_service.states",
            "module.vpc.data.aws_vpc_endpoint_service.storagegateway",
            "module.vpc.data.aws_vpc_endpoint_service.sts",
            "module.vpc.data.aws_vpc_endpoint_service.textract",
            "module.vpc.data.aws_vpc_endpoint_service.transfer",
            "module.vpc.data.aws_vpc_endpoint_service.transferserver",
            "module.vpc.data.aws_vpc_endpoint_service.workspaces"
          ]
        }
      ]
    },
    {
      "mode": "managed",
      "type": "aws_iam_instance_profile",
      "name": "emr_profile",
      "provider": "provider[\"registry.terraform.io/hashicorp/aws\"]",
      "instances": [
        {
          "schema_version": 0,
          "attributes": {
            "arn": "arn:aws:iam::115553109071:instance-profile/emr_profile",
            "create_date": "2021-06-21T14:33:15Z",
            "id": "emr_profile",
            "name": "emr_profile",
            "name_prefix": null,
            "path": "/",
            "role": "iam_emr_profile_role",
            "tags": {},
            "tags_all": {},
            "unique_id": "AIPARVZ4AQRHVIZUK6B7Q"
          },
          "sensitive_attributes": [],
          "private": "bnVsbA==",
          "dependencies": [
            "aws_iam_role.iam_emr_profile_role"
          ]
        }
      ]
    },
    {
      "mode": "managed",
      "type": "aws_iam_role",
      "name": "iam_emr_profile_role",
      "provider": "provider[\"registry.terraform.io/hashicorp/aws\"]",
      "instances": [
        {
          "schema_version": 0,
          "attributes": {
            "arn": "arn:aws:iam::115553109071:role/iam_emr_profile_role",
            "assume_role_policy": "{\"Version\":\"2008-10-17\",\"Statement\":[{\"Sid\":\"\",\"Effect\":\"Allow\",\"Principal\":{\"Service\":\"ec2.amazonaws.com\"},\"Action\":\"sts:AssumeRole\"}]}",
            "create_date": "2021-06-21T14:33:07Z",
            "description": "",
            "force_detach_policies": false,
            "id": "iam_emr_profile_role",
            "inline_policy": [
              {
                "name": "iam_emr_profile_policy",
                "policy": "{\n    \"Version\": \"2012-10-17\",\n    \"Statement\": [{\n        \"Effect\": \"Allow\",\n        \"Resource\": \"*\",\n        \"Action\": [\n            \"cloudwatch:*\",\n            \"dynamodb:*\",\n            \"ec2:Describe*\",\n            \"elasticmapreduce:Describe*\",\n            \"elasticmapreduce:ListBootstrapActions\",\n            \"elasticmapreduce:ListClusters\",\n            \"elasticmapreduce:ListInstanceGroups\",\n            \"elasticmapreduce:ListInstances\",\n            \"elasticmapreduce:ListSteps\",\n            \"kinesis:CreateStream\",\n            \"kinesis:DeleteStream\",\n            \"kinesis:DescribeStream\",\n            \"kinesis:GetRecords\",\n            \"kinesis:GetShardIterator\",\n            \"kinesis:MergeShards\",\n            \"kinesis:PutRecord\",\n            \"kinesis:SplitShard\",\n            \"rds:Describe*\",\n            \"s3:*\",\n            \"sdb:*\",\n            \"sns:*\",\n            \"sqs:*\"\n        ]\n    }]\n}\n"
              }
            ],
            "managed_policy_arns": [],
            "max_session_duration": 3600,
            "name": "iam_emr_profile_role",
            "name_prefix": null,
            "path": "/",
            "permissions_boundary": null,
            "tags": {},
            "tags_all": {},
            "unique_id": "AROARVZ4AQRHSHAXBZUMI"
          },
          "sensitive_attributes": [],
          "private": "bnVsbA=="
        }
      ]
    },
    {
      "mode": "managed",
      "type": "aws_iam_role",
      "name": "iam_emr_service_role",
      "provider": "provider[\"registry.terraform.io/hashicorp/aws\"]",
      "instances": [
        {
          "schema_version": 0,
          "attributes": {
            "arn": "arn:aws:iam::115553109071:role/iam_emr_service_role",
            "assume_role_policy": "{\"Version\":\"2008-10-17\",\"Statement\":[{\"Sid\":\"\",\"Effect\":\"Allow\",\"Principal\":{\"Service\":\"elasticmapreduce.amazonaws.com\"},\"Action\":\"sts:AssumeRole\"}]}",
            "create_date": "2021-06-21T14:33:07Z",
            "description": "",
            "force_detach_policies": false,
            "id": "iam_emr_service_role",
            "inline_policy": [
              {
                "name": "iam_emr_service_policy",
                "policy": "{\n    \"Version\": \"2012-10-17\",\n    \"Statement\": [{\n        \"Effect\": \"Allow\",\n        \"Resource\": \"*\",\n        \"Action\": [\n            \"ec2:AuthorizeSecurityGroupEgress\",\n            \"ec2:AuthorizeSecurityGroupIngress\",\n            \"ec2:CancelSpotInstanceRequests\",\n            \"ec2:CreateNetworkInterface\",\n            \"ec2:CreateSecurityGroup\",\n            \"ec2:CreateTags\",\n            \"ec2:DeleteNetworkInterface\",\n            \"ec2:DeleteSecurityGroup\",\n            \"ec2:DeleteTags\",\n            \"ec2:DescribeAvailabilityZones\",\n            \"ec2:DescribeAccountAttributes\",\n            \"ec2:DescribeDhcpOptions\",\n            \"ec2:DescribeInstanceStatus\",\n            \"ec2:DescribeInstances\",\n            \"ec2:DescribeKeyPairs\",\n            \"ec2:DescribeNetworkAcls\",\n            \"ec2:DescribeNetworkInterfaces\",\n            \"ec2:DescribePrefixLists\",\n            \"ec2:DescribeRouteTables\",\n            \"ec2:DescribeSecurityGroups\",\n            \"ec2:DescribeSpotInstanceRequests\",\n            \"ec2:DescribeSpotPriceHistory\",\n            \"ec2:DescribeSubnets\",\n            \"ec2:DescribeVpcAttribute\",\n            \"ec2:DescribeVpcEndpoints\",\n            \"ec2:DescribeVpcEndpointServices\",\n            \"ec2:DescribeVpcs\",\n            \"ec2:DetachNetworkInterface\",\n            \"ec2:ModifyImageAttribute\",\n            \"ec2:ModifyInstanceAttribute\",\n            \"ec2:RequestSpotInstances\",\n            \"ec2:RevokeSecurityGroupEgress\",\n            \"ec2:RunInstances\",\n            \"ec2:TerminateInstances\",\n            \"ec2:DeleteVolume\",\n            \"ec2:DescribeVolumeStatus\",\n            \"ec2:DescribeVolumes\",\n            \"ec2:DetachVolume\",\n            \"iam:GetRole\",\n            \"iam:GetRolePolicy\",\n            \"iam:ListInstanceProfiles\",\n            \"iam:ListRolePolicies\",\n            \"iam:PassRole\",\n            \"s3:CreateBucket\",\n            \"s3:Get*\",\n            \"s3:List*\",\n            \"sdb:BatchPutAttributes\",\n            \"sdb:Select\",\n            \"sqs:CreateQueue\",\n            \"sqs:Delete*\",\n            \"sqs:GetQueue*\",\n            \"sqs:PurgeQueue\",\n            \"sqs:ReceiveMessage\"\n        ]\n    }]\n}\n"
              }
            ],
            "managed_policy_arns": [],
            "max_session_duration": 3600,
            "name": "iam_emr_service_role",
            "name_prefix": null,
            "path": "/",
            "permissions_boundary": null,
            "tags": {},
            "tags_all": {},
            "unique_id": "AROARVZ4AQRHWRRP67ZYU"
          },
          "sensitive_attributes": [],
          "private": "bnVsbA=="
        }
      ]
    },
    {
      "mode": "managed",
      "type": "aws_iam_role_policy",
      "name": "iam_emr_profile_policy",
      "provider": "provider[\"registry.terraform.io/hashicorp/aws\"]",
      "instances": [
        {
          "schema_version": 0,
          "attributes": {
            "id": "iam_emr_profile_role:iam_emr_profile_policy",
            "name": "iam_emr_profile_policy",
            "name_prefix": null,
            "policy": "{\n    \"Version\": \"2012-10-17\",\n    \"Statement\": [{\n        \"Effect\": \"Allow\",\n        \"Resource\": \"*\",\n        \"Action\": [\n            \"cloudwatch:*\",\n            \"dynamodb:*\",\n            \"ec2:Describe*\",\n            \"elasticmapreduce:Describe*\",\n            \"elasticmapreduce:ListBootstrapActions\",\n            \"elasticmapreduce:ListClusters\",\n            \"elasticmapreduce:ListInstanceGroups\",\n            \"elasticmapreduce:ListInstances\",\n            \"elasticmapreduce:ListSteps\",\n            \"kinesis:CreateStream\",\n            \"kinesis:DeleteStream\",\n            \"kinesis:DescribeStream\",\n            \"kinesis:GetRecords\",\n            \"kinesis:GetShardIterator\",\n            \"kinesis:MergeShards\",\n            \"kinesis:PutRecord\",\n            \"kinesis:SplitShard\",\n            \"rds:Describe*\",\n            \"s3:*\",\n            \"sdb:*\",\n            \"sns:*\",\n            \"sqs:*\"\n        ]\n    }]\n}\n",
            "role": "iam_emr_profile_role"
          },
          "sensitive_attributes": [],
          "private": "bnVsbA==",
          "dependencies": [
            "aws_iam_role.iam_emr_profile_role"
          ]
        }
      ]
    },
    {
      "mode": "managed",
      "type": "aws_iam_role_policy",
      "name": "iam_emr_service_policy",
      "provider": "provider[\"registry.terraform.io/hashicorp/aws\"]",
      "instances": [
        {
          "schema_version": 0,
          "attributes": {
            "id": "iam_emr_service_role:iam_emr_service_policy",
            "name": "iam_emr_service_policy",
            "name_prefix": null,
            "policy": "{\n    \"Version\": \"2012-10-17\",\n    \"Statement\": [{\n        \"Effect\": \"Allow\",\n        \"Resource\": \"*\",\n        \"Action\": [\n            \"ec2:AuthorizeSecurityGroupEgress\",\n            \"ec2:AuthorizeSecurityGroupIngress\",\n            \"ec2:CancelSpotInstanceRequests\",\n            \"ec2:CreateNetworkInterface\",\n            \"ec2:CreateSecurityGroup\",\n            \"ec2:CreateTags\",\n            \"ec2:DeleteNetworkInterface\",\n            \"ec2:DeleteSecurityGroup\",\n            \"ec2:DeleteTags\",\n            \"ec2:DescribeAvailabilityZones\",\n            \"ec2:DescribeAccountAttributes\",\n            \"ec2:DescribeDhcpOptions\",\n            \"ec2:DescribeInstanceStatus\",\n            \"ec2:DescribeInstances\",\n            \"ec2:DescribeKeyPairs\",\n            \"ec2:DescribeNetworkAcls\",\n            \"ec2:DescribeNetworkInterfaces\",\n            \"ec2:DescribePrefixLists\",\n            \"ec2:DescribeRouteTables\",\n            \"ec2:DescribeSecurityGroups\",\n            \"ec2:DescribeSpotInstanceRequests\",\n            \"ec2:DescribeSpotPriceHistory\",\n            \"ec2:DescribeSubnets\",\n            \"ec2:DescribeVpcAttribute\",\n            \"ec2:DescribeVpcEndpoints\",\n            \"ec2:DescribeVpcEndpointServices\",\n            \"ec2:DescribeVpcs\",\n            \"ec2:DetachNetworkInterface\",\n            \"ec2:ModifyImageAttribute\",\n            \"ec2:ModifyInstanceAttribute\",\n            \"ec2:RequestSpotInstances\",\n            \"ec2:RevokeSecurityGroupEgress\",\n            \"ec2:RunInstances\",\n            \"ec2:TerminateInstances\",\n            \"ec2:DeleteVolume\",\n            \"ec2:DescribeVolumeStatus\",\n            \"ec2:DescribeVolumes\",\n            \"ec2:DetachVolume\",\n            \"iam:GetRole\",\n            \"iam:GetRolePolicy\",\n            \"iam:ListInstanceProfiles\",\n            \"iam:ListRolePolicies\",\n            \"iam:PassRole\",\n            \"s3:CreateBucket\",\n            \"s3:Get*\",\n            \"s3:List*\",\n            \"sdb:BatchPutAttributes\",\n            \"sdb:Select\",\n            \"sqs:CreateQueue\",\n            \"sqs:Delete*\",\n            \"sqs:GetQueue*\",\n            \"sqs:PurgeQueue\",\n            \"sqs:ReceiveMessage\"\n        ]\n    }]\n}\n",
            "role": "iam_emr_service_role"
          },
          "sensitive_attributes": [],
          "private": "bnVsbA==",
          "dependencies": [
            "aws_iam_role.iam_emr_service_role"
          ]
        }
      ]
    },
    {
      "mode": "managed",
      "type": "aws_security_group",
      "name": "additional_master_1",
      "provider": "provider[\"registry.terraform.io/hashicorp/aws\"]",
      "instances": [
        {
          "schema_version": 1,
          "attributes": {
            "arn": "arn:aws:ec2:us-east-1:115553109071:security-group/sg-0f6e247353684305d",
            "description": "EMR master1 SG",
            "egress": [
              {
                "cidr_blocks": [
                  "0.0.0.0/0"
                ],
                "description": "",
                "from_port": 0,
                "ipv6_cidr_blocks": [],
                "prefix_list_ids": [],
                "protocol": "-1",
                "security_groups": [],
                "self": false,
                "to_port": 0
              }
            ],
            "id": "sg-0f6e247353684305d",
            "ingress": [
              {
                "cidr_blocks": [
                  "0.0.0.0/0"
                ],
                "description": "Inbound",
                "from_port": 22,
                "ipv6_cidr_blocks": [],
                "prefix_list_ids": [],
                "protocol": "tcp",
                "security_groups": [],
                "self": false,
                "to_port": 22
              }
            ],
            "name": "emr_master1_sg",
            "name_prefix": "",
            "owner_id": "115553109071",
            "revoke_rules_on_delete": false,
            "tags": {},
            "tags_all": {},
            "timeouts": null,
            "vpc_id": "vpc-03593a5c146e387dd"
          },
          "sensitive_attributes": [],
          "private": "eyJlMmJmYjczMC1lY2FhLTExZTYtOGY4OC0zNDM2M2JjN2M0YzAiOnsiY3JlYXRlIjo2MDAwMDAwMDAwMDAsImRlbGV0ZSI6OTAwMDAwMDAwMDAwfSwic2NoZW1hX3ZlcnNpb24iOiIxIn0=",
          "dependencies": [
            "module.vpc.aws_vpc.this"
          ]
        }
      ]
    },
    {
      "mode": "managed",
      "type": "aws_security_group",
      "name": "additional_master_2",
      "provider": "provider[\"registry.terraform.io/hashicorp/aws\"]",
      "instances": [
        {
          "schema_version": 1,
          "attributes": {
            "arn": "arn:aws:ec2:us-east-1:115553109071:security-group/sg-085e7ed5262da6c8a",
            "description": "EMR master2 SG",
            "egress": [
              {
                "cidr_blocks": [
                  "0.0.0.0/0"
                ],
                "description": "",
                "from_port": 0,
                "ipv6_cidr_blocks": [],
                "prefix_list_ids": [],
                "protocol": "-1",
                "security_groups": [],
                "self": false,
                "to_port": 0
              }
            ],
            "id": "sg-085e7ed5262da6c8a",
            "ingress": [
              {
                "cidr_blocks": [
                  "0.0.0.0/0"
                ],
                "description": "Inbound",
                "from_port": 22,
                "ipv6_cidr_blocks": [],
                "prefix_list_ids": [],
                "protocol": "tcp",
                "security_groups": [],
                "self": false,
                "to_port": 22
              }
            ],
            "name": "emr_master2_sg",
            "name_prefix": "",
            "owner_id": "115553109071",
            "revoke_rules_on_delete": false,
            "tags": {},
            "tags_all": {},
            "timeouts": null,
            "vpc_id": "vpc-03593a5c146e387dd"
          },
          "sensitive_attributes": [],
          "private": "eyJlMmJmYjczMC1lY2FhLTExZTYtOGY4OC0zNDM2M2JjN2M0YzAiOnsiY3JlYXRlIjo2MDAwMDAwMDAwMDAsImRlbGV0ZSI6OTAwMDAwMDAwMDAwfSwic2NoZW1hX3ZlcnNpb24iOiIxIn0=",
          "dependencies": [
            "module.vpc.aws_vpc.this"
          ]
        }
      ]
    },
    {
      "mode": "managed",
      "type": "aws_security_group",
      "name": "additional_slave_1",
      "provider": "provider[\"registry.terraform.io/hashicorp/aws\"]",
      "instances": [
        {
          "schema_version": 1,
          "attributes": {
            "arn": "arn:aws:ec2:us-east-1:115553109071:security-group/sg-095b9e75abee16ba4",
            "description": "EMR slave1 SG",
            "egress": [
              {
                "cidr_blocks": [
                  "0.0.0.0/0"
                ],
                "description": "",
                "from_port": 0,
                "ipv6_cidr_blocks": [],
                "prefix_list_ids": [],
                "protocol": "-1",
                "security_groups": [],
                "self": false,
                "to_port": 0
              }
            ],
            "id": "sg-095b9e75abee16ba4",
            "ingress": [
              {
                "cidr_blocks": [
                  "0.0.0.0/0"
                ],
                "description": "Inbound",
                "from_port": 22,
                "ipv6_cidr_blocks": [],
                "prefix_list_ids": [],
                "protocol": "tcp",
                "security_groups": [],
                "self": false,
                "to_port": 22
              }
            ],
            "name": "emr_slave1_sg",
            "name_prefix": "",
            "owner_id": "115553109071",
            "revoke_rules_on_delete": false,
            "tags": {},
            "tags_all": {},
            "timeouts": null,
            "vpc_id": "vpc-03593a5c146e387dd"
          },
          "sensitive_attributes": [],
          "private": "eyJlMmJmYjczMC1lY2FhLTExZTYtOGY4OC0zNDM2M2JjN2M0YzAiOnsiY3JlYXRlIjo2MDAwMDAwMDAwMDAsImRlbGV0ZSI6OTAwMDAwMDAwMDAwfSwic2NoZW1hX3ZlcnNpb24iOiIxIn0=",
          "dependencies": [
            "module.vpc.aws_vpc.this"
          ]
        }
      ]
    },
    {
      "mode": "managed",
      "type": "aws_security_group",
      "name": "additional_slave_2",
      "provider": "provider[\"registry.terraform.io/hashicorp/aws\"]",
      "instances": [
        {
          "schema_version": 1,
          "attributes": {
            "arn": "arn:aws:ec2:us-east-1:115553109071:security-group/sg-01d50f0e39f91bd09",
            "description": "EMR slave2 SG",
            "egress": [
              {
                "cidr_blocks": [
                  "0.0.0.0/0"
                ],
                "description": "",
                "from_port": 0,
                "ipv6_cidr_blocks": [],
                "prefix_list_ids": [],
                "protocol": "-1",
                "security_groups": [],
                "self": false,
                "to_port": 0
              }
            ],
            "id": "sg-01d50f0e39f91bd09",
            "ingress": [
              {
                "cidr_blocks": [
                  "0.0.0.0/0"
                ],
                "description": "Inbound",
                "from_port": 22,
                "ipv6_cidr_blocks": [],
                "prefix_list_ids": [],
                "protocol": "tcp",
                "security_groups": [],
                "self": false,
                "to_port": 22
              }
            ],
            "name": "emr_slave2_sg",
            "name_prefix": "",
            "owner_id": "115553109071",
            "revoke_rules_on_delete": false,
            "tags": {},
            "tags_all": {},
            "timeouts": null,
            "vpc_id": "vpc-03593a5c146e387dd"
          },
          "sensitive_attributes": [],
          "private": "eyJlMmJmYjczMC1lY2FhLTExZTYtOGY4OC0zNDM2M2JjN2M0YzAiOnsiY3JlYXRlIjo2MDAwMDAwMDAwMDAsImRlbGV0ZSI6OTAwMDAwMDAwMDAwfSwic2NoZW1hX3ZlcnNpb24iOiIxIn0=",
          "dependencies": [
            "module.vpc.aws_vpc.this"
          ]
        }
      ]
    },
    {
      "mode": "managed",
      "type": "aws_security_group",
      "name": "emr_service",
      "provider": "provider[\"registry.terraform.io/hashicorp/aws\"]",
      "instances": [
        {
          "schema_version": 1,
          "attributes": {
            "arn": "arn:aws:ec2:us-east-1:115553109071:security-group/sg-05f8a9c838495c975",
            "description": "EMR service SG",
            "egress": [
              {
                "cidr_blocks": [
                  "0.0.0.0/0"
                ],
                "description": "",
                "from_port": 0,
                "ipv6_cidr_blocks": [],
                "prefix_list_ids": [],
                "protocol": "-1",
                "security_groups": [],
                "self": false,
                "to_port": 0
              }
            ],
            "id": "sg-05f8a9c838495c975",
            "ingress": [
              {
                "cidr_blocks": [
                  "0.0.0.0/0"
                ],
                "description": "Inbound",
                "from_port": 22,
                "ipv6_cidr_blocks": [],
                "prefix_list_ids": [],
                "protocol": "tcp",
                "security_groups": [],
                "self": false,
                "to_port": 22
              }
            ],
            "name": "emr_service_sg",
            "name_prefix": "",
            "owner_id": "115553109071",
            "revoke_rules_on_delete": false,
            "tags": {},
            "tags_all": {},
            "timeouts": null,
            "vpc_id": "vpc-03593a5c146e387dd"
          },
          "sensitive_attributes": [],
          "private": "eyJlMmJmYjczMC1lY2FhLTExZTYtOGY4OC0zNDM2M2JjN2M0YzAiOnsiY3JlYXRlIjo2MDAwMDAwMDAwMDAsImRlbGV0ZSI6OTAwMDAwMDAwMDAwfSwic2NoZW1hX3ZlcnNpb24iOiIxIn0=",
          "dependencies": [
            "module.vpc.aws_vpc.this"
          ]
        }
      ]
    },
    {
      "mode": "managed",
      "type": "aws_security_group",
      "name": "master",
      "provider": "provider[\"registry.terraform.io/hashicorp/aws\"]",
      "instances": [
        {
          "schema_version": 1,
          "attributes": {
            "arn": "arn:aws:ec2:us-east-1:115553109071:security-group/sg-0a8dc8b72c761ba94",
            "description": "EMR master SG",
            "egress": [
              {
                "cidr_blocks": [
                  "0.0.0.0/0"
                ],
                "description": "",
                "from_port": 0,
                "ipv6_cidr_blocks": [],
                "prefix_list_ids": [],
                "protocol": "-1",
                "security_groups": [],
                "self": false,
                "to_port": 0
              }
            ],
            "id": "sg-0a8dc8b72c761ba94",
            "ingress": [
              {
                "cidr_blocks": [
                  "0.0.0.0/0"
                ],
                "description": "Inbound",
                "from_port": 22,
                "ipv6_cidr_blocks": [],
                "prefix_list_ids": [],
                "protocol": "tcp",
                "security_groups": [],
                "self": false,
                "to_port": 22
              }
            ],
            "name": "emr_master_sg",
            "name_prefix": "",
            "owner_id": "115553109071",
            "revoke_rules_on_delete": true,
            "tags": {},
            "tags_all": {},
            "timeouts": null,
            "vpc_id": "vpc-03593a5c146e387dd"
          },
          "sensitive_attributes": [],
          "private": "eyJlMmJmYjczMC1lY2FhLTExZTYtOGY4OC0zNDM2M2JjN2M0YzAiOnsiY3JlYXRlIjo2MDAwMDAwMDAwMDAsImRlbGV0ZSI6OTAwMDAwMDAwMDAwfSwic2NoZW1hX3ZlcnNpb24iOiIxIn0=",
          "dependencies": [
            "module.vpc.aws_vpc.this"
          ]
        }
      ]
    },
    {
      "mode": "managed",
      "type": "aws_security_group",
      "name": "slave",
      "provider": "provider[\"registry.terraform.io/hashicorp/aws\"]",
      "instances": [
        {
          "schema_version": 1,
          "attributes": {
            "arn": "arn:aws:ec2:us-east-1:115553109071:security-group/sg-06dc0e5ff0af7ac5c",
            "description": "EMR slave SG",
            "egress": [
              {
                "cidr_blocks": [
                  "0.0.0.0/0"
                ],
                "description": "",
                "from_port": 0,
                "ipv6_cidr_blocks": [],
                "prefix_list_ids": [],
                "protocol": "-1",
                "security_groups": [],
                "self": false,
                "to_port": 0
              }
            ],
            "id": "sg-06dc0e5ff0af7ac5c",
            "ingress": [
              {
                "cidr_blocks": [
                  "0.0.0.0/0"
                ],
                "description": "Inbound",
                "from_port": 22,
                "ipv6_cidr_blocks": [],
                "prefix_list_ids": [],
                "protocol": "tcp",
                "security_groups": [],
                "self": false,
                "to_port": 22
              }
            ],
            "name": "emr_slave_sg",
            "name_prefix": "",
            "owner_id": "115553109071",
            "revoke_rules_on_delete": true,
            "tags": {},
            "tags_all": {},
            "timeouts": null,
            "vpc_id": "vpc-03593a5c146e387dd"
          },
          "sensitive_attributes": [],
          "private": "eyJlMmJmYjczMC1lY2FhLTExZTYtOGY4OC0zNDM2M2JjN2M0YzAiOnsiY3JlYXRlIjo2MDAwMDAwMDAwMDAsImRlbGV0ZSI6OTAwMDAwMDAwMDAwfSwic2NoZW1hX3ZlcnNpb24iOiIxIn0=",
          "dependencies": [
            "module.vpc.aws_vpc.this"
          ]
        }
      ]
    },
    {
      "mode": "managed",
      "type": "aws_security_group",
      "name": "unused",
      "provider": "provider[\"registry.terraform.io/hashicorp/aws\"]",
      "instances": [
        {
          "schema_version": 1,
          "attributes": {
            "arn": "arn:aws:ec2:us-east-1:115553109071:security-group/sg-0c4e2151e01c794bb",
            "description": "Managed by Terraform",
            "egress": [],
            "id": "sg-0c4e2151e01c794bb",
            "ingress": [
              {
                "cidr_blocks": [
                  "0.0.0.0/0"
                ],
                "description": "",
                "from_port": 53,
                "ipv6_cidr_blocks": [],
                "prefix_list_ids": [],
                "protocol": "udp",
                "security_groups": [],
                "self": false,
                "to_port": 53
              }
            ],
            "name": "Unused security group",
            "name_prefix": "",
            "owner_id": "115553109071",
            "revoke_rules_on_delete": false,
            "tags": {},
            "tags_all": {},
            "timeouts": null,
            "vpc_id": "vpc-03593a5c146e387dd"
          },
          "sensitive_attributes": [],
          "private": "eyJlMmJmYjczMC1lY2FhLTExZTYtOGY4OC0zNDM2M2JjN2M0YzAiOnsiY3JlYXRlIjo2MDAwMDAwMDAwMDAsImRlbGV0ZSI6OTAwMDAwMDAwMDAwfSwic2NoZW1hX3ZlcnNpb24iOiIxIn0=",
          "dependencies": [
            "module.vpc.aws_vpc.this"
          ]
        }
      ]
    },
    {
      "module": "module.vpc",
      "mode": "managed",
      "type": "aws_eip",
      "name": "nat",
      "provider": "provider[\"registry.terraform.io/hashicorp/aws\"]",
      "instances": [
        {
          "index_key": 0,
          "schema_version": 0,
          "attributes": {
            "address": null,
            "allocation_id": null,
            "associate_with_private_ip": null,
            "association_id": "eipassoc-019350e2d3a844ff8",
            "carrier_ip": "",
            "customer_owned_ip": "",
            "customer_owned_ipv4_pool": "",
            "domain": "vpc",
            "id": "eipalloc-029aba6c7ea03421e",
            "instance": "",
            "network_border_group": "us-east-1",
            "network_interface": "eni-09dce1ba5a9341d2e",
            "private_dns": "ip-192-168-1-37.ec2.internal",
            "private_ip": "192.168.1.37",
            "public_dns": "ec2-44-193-46-91.compute-1.amazonaws.com",
            "public_ip": "44.193.46.91",
            "public_ipv4_pool": "amazon",
            "tags": {
              "Name": "-us-east-1a"
            },
            "tags_all": {
              "Name": "-us-east-1a"
            },
            "timeouts": null,
            "vpc": true
          },
          "sensitive_attributes": [],
          "private": "eyJlMmJmYjczMC1lY2FhLTExZTYtOGY4OC0zNDM2M2JjN2M0YzAiOnsiZGVsZXRlIjoxODAwMDAwMDAwMDAsInJlYWQiOjkwMDAwMDAwMDAwMCwidXBkYXRlIjozMDAwMDAwMDAwMDB9fQ==",
          "dependencies": [
            "data.aws_availability_zones.available"
          ]
        }
      ]
    },
    {
      "module": "module.vpc",
      "mode": "managed",
      "type": "aws_internet_gateway",
      "name": "this",
      "provider": "provider[\"registry.terraform.io/hashicorp/aws\"]",
      "instances": [
        {
          "index_key": 0,
          "schema_version": 0,
          "attributes": {
            "arn": "arn:aws:ec2:us-east-1:115553109071:internet-gateway/igw-022c136ab605420ba",
            "id": "igw-022c136ab605420ba",
            "owner_id": "115553109071",
            "tags": {
              "Name": ""
            },
            "tags_all": {
              "Name": ""
            },
            "vpc_id": "vpc-03593a5c146e387dd"
          },
          "sensitive_attributes": [],
          "private": "bnVsbA==",
          "dependencies": [
            "module.vpc.aws_vpc.this",
            "module.vpc.aws_vpc_ipv4_cidr_block_association.this"
          ]
        }
      ]
    },
    {
      "module": "module.vpc",
      "mode": "managed",
      "type": "aws_nat_gateway",
      "name": "this",
      "provider": "provider[\"registry.terraform.io/hashicorp/aws\"]",
      "instances": [
        {
          "index_key": 0,
          "schema_version": 0,
          "attributes": {
            "allocation_id": "eipalloc-029aba6c7ea03421e",
            "connectivity_type": "public",
            "id": "nat-08a20c9d7349c928a",
            "network_interface_id": "eni-09dce1ba5a9341d2e",
            "private_ip": "192.168.1.37",
            "public_ip": "44.193.46.91",
            "subnet_id": "subnet-0f185f3dbc6a4c213",
            "tags": {
              "Name": "-us-east-1a"
            },
            "tags_all": {
              "Name": "-us-east-1a"
            }
          },
          "sensitive_attributes": [],
          "private": "bnVsbA==",
          "dependencies": [
            "module.vpc.aws_vpc_ipv4_cidr_block_association.this",
            "data.aws_availability_zones.available",
            "module.vpc.aws_eip.nat",
            "module.vpc.aws_internet_gateway.this",
            "module.vpc.aws_subnet.public",
            "module.vpc.aws_vpc.this"
          ]
        }
      ]
    },
    {
      "module": "module.vpc",
      "mode": "managed",
      "type": "aws_route",
      "name": "private_nat_gateway",
      "provider": "provider[\"registry.terraform.io/hashicorp/aws\"]",
      "instances": [
        {
          "index_key": 0,
          "schema_version": 0,
          "attributes": {
            "carrier_gateway_id": "",
            "destination_cidr_block": "0.0.0.0/0",
            "destination_ipv6_cidr_block": "",
            "destination_prefix_list_id": "",
            "egress_only_gateway_id": "",
            "gateway_id": "",
            "id": "r-rtb-02a2034df2e89a2931080289494",
            "instance_id": "",
            "instance_owner_id": "",
            "local_gateway_id": "",
            "nat_gateway_id": "nat-08a20c9d7349c928a",
            "network_interface_id": "",
            "origin": "CreateRoute",
            "route_table_id": "rtb-02a2034df2e89a293",
            "state": "active",
            "timeouts": {
              "create": "5m",
              "delete": null
            },
            "transit_gateway_id": "",
            "vpc_endpoint_id": "",
            "vpc_peering_connection_id": ""
          },
          "sensitive_attributes": [],
          "private": "eyJlMmJmYjczMC1lY2FhLTExZTYtOGY4OC0zNDM2M2JjN2M0YzAiOnsiY3JlYXRlIjozMDAwMDAwMDAwMDAsImRlbGV0ZSI6MzAwMDAwMDAwMDAwfX0=",
          "dependencies": [
            "module.vpc.aws_internet_gateway.this",
            "module.vpc.aws_nat_gateway.this",
            "module.vpc.aws_route_table.private",
            "module.vpc.aws_subnet.public",
            "module.vpc.aws_vpc.this",
            "module.vpc.aws_vpc_ipv4_cidr_block_association.this",
            "data.aws_availability_zones.available",
            "module.vpc.aws_eip.nat"
          ]
        }
      ]
    },
    {
      "module": "module.vpc",
      "mode": "managed",
      "type": "aws_route",
      "name": "public_internet_gateway",
      "provider": "provider[\"registry.terraform.io/hashicorp/aws\"]",
      "instances": [
        {
          "index_key": 0,
          "schema_version": 0,
          "attributes": {
            "carrier_gateway_id": "",
            "destination_cidr_block": "0.0.0.0/0",
            "destination_ipv6_cidr_block": "",
            "destination_prefix_list_id": "",
            "egress_only_gateway_id": "",
            "gateway_id": "igw-022c136ab605420ba",
            "id": "r-rtb-016564dfab721551f1080289494",
            "instance_id": "",
            "instance_owner_id": "",
            "local_gateway_id": "",
            "nat_gateway_id": "",
            "network_interface_id": "",
            "origin": "CreateRoute",
            "route_table_id": "rtb-016564dfab721551f",
            "state": "active",
            "timeouts": {
              "create": "5m",
              "delete": null
            },
            "transit_gateway_id": "",
            "vpc_endpoint_id": "",
            "vpc_peering_connection_id": ""
          },
          "sensitive_attributes": [],
          "private": "eyJlMmJmYjczMC1lY2FhLTExZTYtOGY4OC0zNDM2M2JjN2M0YzAiOnsiY3JlYXRlIjozMDAwMDAwMDAwMDAsImRlbGV0ZSI6MzAwMDAwMDAwMDAwfX0=",
          "dependencies": [
            "module.vpc.aws_internet_gateway.this",
            "module.vpc.aws_route_table.public",
            "module.vpc.aws_vpc.this",
            "module.vpc.aws_vpc_ipv4_cidr_block_association.this"
          ]
        }
      ]
    },
    {
      "module": "module.vpc",
      "mode": "managed",
      "type": "aws_route_table",
      "name": "private",
      "provider": "provider[\"registry.terraform.io/hashicorp/aws\"]",
      "instances": [
        {
          "index_key": 0,
          "schema_version": 0,
          "attributes": {
            "arn": "arn:aws:ec2:us-east-1:115553109071:route-table/rtb-02a2034df2e89a293",
            "id": "rtb-02a2034df2e89a293",
            "owner_id": "115553109071",
            "propagating_vgws": [],
            "route": [
              {
                "carrier_gateway_id": "",
                "cidr_block": "0.0.0.0/0",
                "destination_prefix_list_id": "",
                "egress_only_gateway_id": "",
                "gateway_id": "",
                "instance_id": "",
                "ipv6_cidr_block": "",
                "local_gateway_id": "",
                "nat_gateway_id": "nat-08a20c9d7349c928a",
                "network_interface_id": "",
                "transit_gateway_id": "",
                "vpc_endpoint_id": "",
                "vpc_peering_connection_id": ""
              }
            ],
            "tags": {
              "Name": "-private-us-east-1a"
            },
            "tags_all": {
              "Name": "-private-us-east-1a"
            },
            "vpc_id": "vpc-03593a5c146e387dd"
          },
          "sensitive_attributes": [],
          "private": "bnVsbA==",
          "dependencies": [
            "data.aws_availability_zones.available",
            "module.vpc.aws_vpc.this",
            "module.vpc.aws_vpc_ipv4_cidr_block_association.this"
          ]
        }
      ]
    },
    {
      "module": "module.vpc",
      "mode": "managed",
      "type": "aws_route_table",
      "name": "public",
      "provider": "provider[\"registry.terraform.io/hashicorp/aws\"]",
      "instances": [
        {
          "index_key": 0,
          "schema_version": 0,
          "attributes": {
            "arn": "arn:aws:ec2:us-east-1:115553109071:route-table/rtb-016564dfab721551f",
            "id": "rtb-016564dfab721551f",
            "owner_id": "115553109071",
            "propagating_vgws": [],
            "route": [
              {
                "carrier_gateway_id": "",
                "cidr_block": "0.0.0.0/0",
                "destination_prefix_list_id": "",
                "egress_only_gateway_id": "",
                "gateway_id": "igw-022c136ab605420ba",
                "instance_id": "",
                "ipv6_cidr_block": "",
                "local_gateway_id": "",
                "nat_gateway_id": "",
                "network_interface_id": "",
                "transit_gateway_id": "",
                "vpc_endpoint_id": "",
                "vpc_peering_connection_id": ""
              }
            ],
            "tags": {
              "Name": "-public"
            },
            "tags_all": {
              "Name": "-public"
            },
            "vpc_id": "vpc-03593a5c146e387dd"
          },
          "sensitive_attributes": [],
          "private": "bnVsbA==",
          "dependencies": [
            "module.vpc.aws_vpc_ipv4_cidr_block_association.this",
            "module.vpc.aws_vpc.this"
          ]
        }
      ]
    },
    {
      "module": "module.vpc",
      "mode": "managed",
      "type": "aws_route_table_association",
      "name": "private",
      "provider": "provider[\"registry.terraform.io/hashicorp/aws\"]",
      "instances": [
        {
          "index_key": 0,
          "schema_version": 0,
          "attributes": {
            "gateway_id": null,
            "id": "rtbassoc-0ec4e6ea80a6f1e84",
            "route_table_id": "rtb-02a2034df2e89a293",
            "subnet_id": "subnet-021a05feee64ea2b2"
          },
          "sensitive_attributes": [],
          "private": "bnVsbA==",
          "dependencies": [
            "module.vpc.aws_vpc.this",
            "module.vpc.aws_vpc_ipv4_cidr_block_association.this",
            "data.aws_availability_zones.available",
            "module.vpc.aws_route_table.private",
            "module.vpc.aws_subnet.private"
          ]
        }
      ]
    },
    {
      "module": "module.vpc",
      "mode": "managed",
      "type": "aws_route_table_association",
      "name": "public",
      "provider": "provider[\"registry.terraform.io/hashicorp/aws\"]",
      "instances": [
        {
          "index_key": 0,
          "schema_version": 0,
          "attributes": {
            "gateway_id": null,
            "id": "rtbassoc-009522a0708d45ce6",
            "route_table_id": "rtb-016564dfab721551f",
            "subnet_id": "subnet-0f185f3dbc6a4c213"
          },
          "sensitive_attributes": [],
          "private": "bnVsbA==",
          "dependencies": [
            "module.vpc.aws_vpc_ipv4_cidr_block_association.this",
            "data.aws_availability_zones.available",
            "module.vpc.aws_route_table.public",
            "module.vpc.aws_subnet.public",
            "module.vpc.aws_vpc.this"
          ]
        }
      ]
    },
    {
      "module": "module.vpc",
      "mode": "managed",
      "type": "aws_subnet",
      "name": "private",
      "provider": "provider[\"registry.terraform.io/hashicorp/aws\"]",
      "instances": [
        {
          "index_key": 0,
          "schema_version": 1,
          "attributes": {
            "arn": "arn:aws:ec2:us-east-1:115553109071:subnet/subnet-021a05feee64ea2b2",
            "assign_ipv6_address_on_creation": false,
            "availability_zone": "us-east-1a",
            "availability_zone_id": "use1-az1",
            "cidr_block": "192.168.10.0/24",
            "customer_owned_ipv4_pool": "",
            "id": "subnet-021a05feee64ea2b2",
            "ipv6_cidr_block": "",
            "ipv6_cidr_block_association_id": "",
            "map_customer_owned_ip_on_launch": false,
            "map_public_ip_on_launch": false,
            "outpost_arn": "",
            "owner_id": "115553109071",
            "tags": {
              "Name": "-private-us-east-1a"
            },
            "tags_all": {
              "Name": "-private-us-east-1a"
            },
            "timeouts": null,
            "vpc_id": "vpc-03593a5c146e387dd"
          },
          "sensitive_attributes": [],
          "private": "eyJlMmJmYjczMC1lY2FhLTExZTYtOGY4OC0zNDM2M2JjN2M0YzAiOnsiY3JlYXRlIjo2MDAwMDAwMDAwMDAsImRlbGV0ZSI6MTIwMDAwMDAwMDAwMH0sInNjaGVtYV92ZXJzaW9uIjoiMSJ9",
          "dependencies": [
            "data.aws_availability_zones.available",
            "module.vpc.aws_vpc.this",
            "module.vpc.aws_vpc_ipv4_cidr_block_association.this"
          ]
        }
      ]
    },
    {
      "module": "module.vpc",
      "mode": "managed",
      "type": "aws_subnet",
      "name": "public",
      "provider": "provider[\"registry.terraform.io/hashicorp/aws\"]",
      "instances": [
        {
          "index_key": 0,
          "schema_version": 1,
          "attributes": {
            "arn": "arn:aws:ec2:us-east-1:115553109071:subnet/subnet-0f185f3dbc6a4c213",
            "assign_ipv6_address_on_creation": false,
            "availability_zone": "us-east-1a",
            "availability_zone_id": "use1-az1",
            "cidr_block": "192.168.1.0/24",
            "customer_owned_ipv4_pool": "",
            "id": "subnet-0f185f3dbc6a4c213",
            "ipv6_cidr_block": "",
            "ipv6_cidr_block_association_id": "",
            "map_customer_owned_ip_on_launch": false,
            "map_public_ip_on_launch": true,
            "outpost_arn": "",
            "owner_id": "115553109071",
            "tags": {
              "Name": "-public-us-east-1a"
            },
            "tags_all": {
              "Name": "-public-us-east-1a"
            },
            "timeouts": null,
            "vpc_id": "vpc-03593a5c146e387dd"
          },
          "sensitive_attributes": [],
          "private": "eyJlMmJmYjczMC1lY2FhLTExZTYtOGY4OC0zNDM2M2JjN2M0YzAiOnsiY3JlYXRlIjo2MDAwMDAwMDAwMDAsImRlbGV0ZSI6MTIwMDAwMDAwMDAwMH0sInNjaGVtYV92ZXJzaW9uIjoiMSJ9",
          "dependencies": [
            "module.vpc.aws_vpc.this",
            "module.vpc.aws_vpc_ipv4_cidr_block_association.this",
            "data.aws_availability_zones.available"
          ]
        }
      ]
    },
    {
      "module": "module.vpc",
      "mode": "managed",
      "type": "aws_vpc",
      "name": "this",
      "provider": "provider[\"registry.terraform.io/hashicorp/aws\"]",
      "instances": [
        {
          "index_key": 0,
          "schema_version": 1,
          "attributes": {
            "arn": "arn:aws:ec2:us-east-1:115553109071:vpc/vpc-03593a5c146e387dd",
            "assign_generated_ipv6_cidr_block": false,
            "cidr_block": "192.168.0.0/16",
            "default_network_acl_id": "acl-0808f6d6fdac7e510",
            "default_route_table_id": "rtb-0828654da7de847f9",
            "default_security_group_id": "sg-042a9314b3f90d916",
            "dhcp_options_id": "dopt-3045214a",
            "enable_classiclink": false,
            "enable_classiclink_dns_support": false,
            "enable_dns_hostnames": true,
            "enable_dns_support": true,
            "id": "vpc-03593a5c146e387dd",
            "instance_tenancy": "default",
            "ipv6_association_id": "",
            "ipv6_cidr_block": "",
            "main_route_table_id": "rtb-0828654da7de847f9",
            "owner_id": "115553109071",
            "tags": {
              "Name": ""
            },
            "tags_all": {
              "Name": ""
            }
          },
          "sensitive_attributes": [],
          "private": "eyJzY2hlbWFfdmVyc2lvbiI6IjEifQ=="
        }
      ]
    }
  ]
}
