{"format_version":"0.1","terraform_version":"0.13.4","planned_values":{"root_module":{"resources":[{"address":"aws_sqs_queue.not-secure-q","mode":"managed","type":"aws_sqs_queue","name":"not-secure-q","provider_name":"registry.terraform.io/hashicorp/aws","schema_version":0,"values":{"content_based_deduplication":false,"delay_seconds":0,"fifo_queue":false,"kms_master_key_id":null,"max_message_size":262144,"message_retention_seconds":345600,"name":"cloudrail-not-secure-queue","policy":"{\n  \"Version\": \"2012-10-17\",\n  \"Id\": \"sqs-secure-policy\",\n  \"Statement\": [\n    {\n      \"Sid\": \"First\",\n      \"Effect\": \"Allow\",\n      \"Principal\": \"*\",\n      \"Action\": \"sqs:*\"\n    }\n  ]\n}\n","receive_wait_time_seconds":0,"redrive_policy":null,"tags":null,"visibility_timeout_seconds":30}}]}},"resource_changes":[{"address":"aws_sqs_queue.not-secure-q","mode":"managed","type":"aws_sqs_queue","name":"not-secure-q","provider_name":"registry.terraform.io/hashicorp/aws","change":{"actions":["create"],"before":null,"after":{"content_based_deduplication":false,"delay_seconds":0,"fifo_queue":false,"kms_master_key_id":null,"max_message_size":262144,"message_retention_seconds":345600,"name":"cloudrail-not-secure-queue","policy":"{\n  \"Version\": \"2012-10-17\",\n  \"Id\": \"sqs-secure-policy\",\n  \"Statement\": [\n    {\n      \"Sid\": \"First\",\n      \"Effect\": \"Allow\",\n      \"Principal\": \"*\",\n      \"Action\": \"sqs:*\"\n    }\n  ]\n}\n","receive_wait_time_seconds":0,"redrive_policy":null,"tags":null,"visibility_timeout_seconds":30},"after_unknown":{"arn":true,"deduplication_scope":true,"fifo_throughput_limit":true,"id":true,"kms_data_key_reuse_period_seconds":true,"name_prefix":true,"tags_all":true,"url":true}}}],"configuration":{"provider_config":{"aws":{"name":"aws","expressions":{"region":{"constant_value":"us-east-1"}}}},"root_module":{"resources":[{"address":"aws_sqs_queue.not-secure-q","mode":"managed","type":"aws_sqs_queue","name":"not-secure-q","provider_config_key":"aws","expressions":{"name":{"constant_value":"cloudrail-not-secure-queue"},"policy":{"constant_value":"{\n  \"Version\": \"2012-10-17\",\n  \"Id\": \"sqs-secure-policy\",\n  \"Statement\": [\n    {\n      \"Sid\": \"First\",\n      \"Effect\": \"Allow\",\n      \"Principal\": \"*\",\n      \"Action\": \"sqs:*\"\n    }\n  ]\n}\n"}},"schema_version":0,"raw_data":{"FileName":"main.tf","StartLine":1,"EndLine":17}}]}}}
