{"format_version":"0.1","terraform_version":"0.14.6","planned_values":{"root_module":{"resources":[{"address":"azurerm_resource_group.rg","mode":"managed","type":"azurerm_resource_group","name":"rg","provider_name":"registry.terraform.io/hashicorp/azurerm","schema_version":0,"values":{"location":"westeurope","name":"cr2392-RG","tags":null,"timeouts":null}},{"address":"azurerm_stream_analytics_job.job","mode":"managed","type":"azurerm_stream_analytics_job","name":"job","provider_name":"registry.terraform.io/hashicorp/azurerm","schema_version":0,"values":{"compatibility_level":"1.1","data_locale":"en-GB","events_late_arrival_max_delay_in_seconds":60,"events_out_of_order_max_delay_in_seconds":50,"events_out_of_order_policy":"Adjust","identity":[],"location":"westeurope","name":"cr2392-stream-job","output_error_policy":"Drop","resource_group_name":"cr2392-RG","stream_analytics_cluster_id":null,"streaming_units":3,"tags":null,"timeouts":null,"transformation_query":"    SELECT *\n    INTO [YourOutputAlias]\n    FROM [YourInputAlias]\n"}}]}},"resource_changes":[{"address":"azurerm_resource_group.rg","mode":"managed","type":"azurerm_resource_group","name":"rg","provider_name":"registry.terraform.io/hashicorp/azurerm","change":{"actions":["create"],"before":null,"after":{"location":"westeurope","name":"cr2392-RG","tags":null,"timeouts":null},"after_unknown":{"id":true}}},{"address":"azurerm_stream_analytics_job.job","mode":"managed","type":"azurerm_stream_analytics_job","name":"job","provider_name":"registry.terraform.io/hashicorp/azurerm","change":{"actions":["create"],"before":null,"after":{"compatibility_level":"1.1","data_locale":"en-GB","events_late_arrival_max_delay_in_seconds":60,"events_out_of_order_max_delay_in_seconds":50,"events_out_of_order_policy":"Adjust","identity":[],"location":"westeurope","name":"cr2392-stream-job","output_error_policy":"Drop","resource_group_name":"cr2392-RG","stream_analytics_cluster_id":null,"streaming_units":3,"tags":null,"timeouts":null,"transformation_query":"    SELECT *\n    INTO [YourOutputAlias]\n    FROM [YourInputAlias]\n"},"after_unknown":{"id":true,"identity":[],"job_id":true}}}],"configuration":{"provider_config":{"azurerm":{"name":"azurerm","expressions":{"features":[{}]}}},"root_module":{"resources":[{"address":"azurerm_resource_group.rg","mode":"managed","type":"azurerm_resource_group","name":"rg","provider_config_key":"azurerm","expressions":{"location":{"constant_value":"West Europe"},"name":{"references":["local.resource_prefix"]}},"schema_version":0,"raw_data":{"FileName":"main.tf","StartLine":10,"EndLine":13}},{"address":"azurerm_stream_analytics_job.job","mode":"managed","type":"azurerm_stream_analytics_job","name":"job","provider_config_key":"azurerm","expressions":{"compatibility_level":{"constant_value":"1.1"},"data_locale":{"constant_value":"en-GB"},"events_late_arrival_max_delay_in_seconds":{"constant_value":60},"events_out_of_order_max_delay_in_seconds":{"constant_value":50},"events_out_of_order_policy":{"constant_value":"Adjust"},"location":{"references":["azurerm_resource_group.rg"]},"name":{"references":["local.resource_prefix"]},"output_error_policy":{"constant_value":"Drop"},"resource_group_name":{"references":["azurerm_resource_group.rg"]},"streaming_units":{"constant_value":3},"transformation_query":{"constant_value":"    SELECT *\n    INTO [YourOutputAlias]\n    FROM [YourInputAlias]\n"}},"schema_version":0,"raw_data":{"FileName":"main.tf","StartLine":15,"EndLine":33}}]}}}
