{"format_version":"0.1","terraform_version":"0.14.6","planned_values":{"root_module":{"resources":[{"address":"azurerm_mssql_server_security_alert_policy.example","mode":"managed","type":"azurerm_mssql_server_security_alert_policy","name":"example","provider_name":"registry.terraform.io/hashicorp/azurerm","schema_version":0,"values":{"disabled_alerts":null,"email_account_admins":false,"email_addresses":null,"resource_group_name":"cr2505-RG","retention_days":0,"server_name":"cr2505-sqlserver","state":"Enabled","storage_account_access_key":null,"storage_endpoint":null,"timeouts":null}},{"address":"azurerm_mssql_server_vulnerability_assessment.example","mode":"managed","type":"azurerm_mssql_server_vulnerability_assessment","name":"example","provider_name":"registry.terraform.io/hashicorp/azurerm","schema_version":0,"values":{"recurring_scans":[{"email_subscription_admins":true,"emails":["email@example1.com","email@example2.com"],"enabled":true}],"server_security_alert_policy_id":"azurerm_mssql_server_security_alert_policy.example.id","storage_account_access_key":"azurerm_storage_account.example.primary_access_key","storage_container_path":"azurerm_storage_account.example.primary_blob_endpointcr2505container/","storage_container_sas_key":null,"timeouts":null}},{"address":"azurerm_resource_group.rg","mode":"managed","type":"azurerm_resource_group","name":"rg","provider_name":"registry.terraform.io/hashicorp/azurerm","schema_version":0,"values":{"location":"westeurope","name":"cr2505-RG","tags":null,"timeouts":null}},{"address":"azurerm_sql_server.sql","mode":"managed","type":"azurerm_sql_server","name":"sql","provider_name":"registry.terraform.io/hashicorp/azurerm","schema_version":0,"values":{"administrator_login":"4dm1n157r470r","administrator_login_password":"4-v3ry-53cr37-p455w0rd","connection_policy":"Default","identity":[],"location":"westeurope","name":"cr2505-sqlserver","resource_group_name":"cr2505-RG","tags":null,"timeouts":null,"version":"12.0"}},{"address":"azurerm_storage_account.example","mode":"managed","type":"azurerm_storage_account","name":"example","provider_name":"registry.terraform.io/hashicorp/azurerm","schema_version":2,"values":{"account_kind":"StorageV2","account_replication_type":"LRS","account_tier":"Standard","allow_blob_public_access":false,"azure_files_authentication":[],"custom_domain":[],"enable_https_traffic_only":true,"is_hns_enabled":false,"location":"westeurope","min_tls_version":"TLS1_0","name":"cr2505tststoracc","nfsv3_enabled":false,"queue_encryption_key_type":"Service","resource_group_name":"cr2505-RG","shared_access_key_enabled":true,"static_website":[],"table_encryption_key_type":"Service","tags":null,"timeouts":null}},{"address":"azurerm_storage_container.example","mode":"managed","type":"azurerm_storage_container","name":"example","provider_name":"registry.terraform.io/hashicorp/azurerm","schema_version":1,"values":{"container_access_type":"private","name":"cr2505container","storage_account_name":"cr2505tststoracc","timeouts":null}}]}},"resource_changes":[{"address":"azurerm_mssql_server_security_alert_policy.example","mode":"managed","type":"azurerm_mssql_server_security_alert_policy","name":"example","provider_name":"registry.terraform.io/hashicorp/azurerm","change":{"actions":["create"],"before":null,"after":{"disabled_alerts":null,"email_account_admins":false,"email_addresses":null,"resource_group_name":"cr2505-RG","retention_days":0,"server_name":"cr2505-sqlserver","state":"Enabled","storage_account_access_key":null,"storage_endpoint":null,"timeouts":null},"after_unknown":{"id":true}}},{"address":"azurerm_mssql_server_vulnerability_assessment.example","mode":"managed","type":"azurerm_mssql_server_vulnerability_assessment","name":"example","provider_name":"registry.terraform.io/hashicorp/azurerm","change":{"actions":["create"],"before":null,"after":{"recurring_scans":[{"email_subscription_admins":true,"emails":["email@example1.com","email@example2.com"],"enabled":true}],"server_security_alert_policy_id":"azurerm_mssql_server_security_alert_policy.example.id","storage_account_access_key":"azurerm_storage_account.example.primary_access_key","storage_container_path":"azurerm_storage_account.example.primary_blob_endpointcr2505container/","storage_container_sas_key":null,"timeouts":null},"after_unknown":{"id":true,"recurring_scans":[{"emails":[false,false]}]}}},{"address":"azurerm_resource_group.rg","mode":"managed","type":"azurerm_resource_group","name":"rg","provider_name":"registry.terraform.io/hashicorp/azurerm","change":{"actions":["create"],"before":null,"after":{"location":"westeurope","name":"cr2505-RG","tags":null,"timeouts":null},"after_unknown":{"id":true}}},{"address":"azurerm_sql_server.sql","mode":"managed","type":"azurerm_sql_server","name":"sql","provider_name":"registry.terraform.io/hashicorp/azurerm","change":{"actions":["create"],"before":null,"after":{"administrator_login":"4dm1n157r470r","administrator_login_password":"4-v3ry-53cr37-p455w0rd","connection_policy":"Default","identity":[],"location":"westeurope","name":"cr2505-sqlserver","resource_group_name":"cr2505-RG","tags":null,"timeouts":null,"version":"12.0"},"after_unknown":{"extended_auditing_policy":true,"fully_qualified_domain_name":true,"id":true,"identity":[],"threat_detection_policy":true}}},{"address":"azurerm_storage_account.example","mode":"managed","type":"azurerm_storage_account","name":"example","provider_name":"registry.terraform.io/hashicorp/azurerm","change":{"actions":["create"],"before":null,"after":{"account_kind":"StorageV2","account_replication_type":"LRS","account_tier":"Standard","allow_blob_public_access":false,"azure_files_authentication":[],"custom_domain":[],"enable_https_traffic_only":true,"is_hns_enabled":false,"location":"westeurope","min_tls_version":"TLS1_0","name":"cr2505tststoracc","nfsv3_enabled":false,"queue_encryption_key_type":"Service","resource_group_name":"cr2505-RG","shared_access_key_enabled":true,"static_website":[],"table_encryption_key_type":"Service","tags":null,"timeouts":null},"after_unknown":{"access_tier":true,"azure_files_authentication":[],"blob_properties":true,"custom_domain":[],"id":true,"identity":true,"large_file_share_enabled":true,"network_rules":true,"primary_access_key":true,"primary_blob_connection_string":true,"primary_blob_endpoint":true,"primary_blob_host":true,"primary_connection_string":true,"primary_dfs_endpoint":true,"primary_dfs_host":true,"primary_file_endpoint":true,"primary_file_host":true,"primary_location":true,"primary_queue_endpoint":true,"primary_queue_host":true,"primary_table_endpoint":true,"primary_table_host":true,"primary_web_endpoint":true,"primary_web_host":true,"queue_properties":true,"routing":true,"secondary_access_key":true,"secondary_blob_connection_string":true,"secondary_blob_endpoint":true,"secondary_blob_host":true,"secondary_connection_string":true,"secondary_dfs_endpoint":true,"secondary_dfs_host":true,"secondary_file_endpoint":true,"secondary_file_host":true,"secondary_location":true,"secondary_queue_endpoint":true,"secondary_queue_host":true,"secondary_table_endpoint":true,"secondary_table_host":true,"secondary_web_endpoint":true,"secondary_web_host":true,"share_properties":true,"static_website":[]}}},{"address":"azurerm_storage_container.example","mode":"managed","type":"azurerm_storage_container","name":"example","provider_name":"registry.terraform.io/hashicorp/azurerm","change":{"actions":["create"],"before":null,"after":{"container_access_type":"private","name":"cr2505container","storage_account_name":"cr2505tststoracc","timeouts":null},"after_unknown":{"has_immutability_policy":true,"has_legal_hold":true,"id":true,"metadata":true,"resource_manager_id":true}}}],"configuration":{"provider_config":{"azurerm":{"name":"azurerm","expressions":{"features":[{}]}}},"root_module":{"resources":[{"address":"azurerm_mssql_server_security_alert_policy.example","mode":"managed","type":"azurerm_mssql_server_security_alert_policy","name":"example","provider_config_key":"azurerm","expressions":{"resource_group_name":{"references":["azurerm_resource_group.rg"]},"server_name":{"references":["azurerm_sql_server.sql"]},"state":{"constant_value":"Enabled"}},"schema_version":0,"raw_data":{"FileName":"main.tf","StartLine":38,"EndLine":42}},{"address":"azurerm_mssql_server_vulnerability_assessment.example","mode":"managed","type":"azurerm_mssql_server_vulnerability_assessment","name":"example","provider_config_key":"azurerm","expressions":{"recurring_scans":[{"email_subscription_admins":{"constant_value":true},"emails":{"constant_value":["email@example1.com","email@example2.com"]},"enabled":{"constant_value":true}}],"server_security_alert_policy_id":{"references":["azurerm_mssql_server_security_alert_policy.example"]},"storage_account_access_key":{"references":["azurerm_storage_account.example"]},"storage_container_path":{"references":["azurerm_storage_account.example","azurerm_storage_container.example"]}},"schema_version":0,"raw_data":{"FileName":"main.tf","StartLine":44,"EndLine":57}},{"address":"azurerm_resource_group.rg","mode":"managed","type":"azurerm_resource_group","name":"rg","provider_config_key":"azurerm","expressions":{"location":{"constant_value":"West Europe"},"name":{"references":["local.resource_prefix"]}},"schema_version":0,"raw_data":{"FileName":"main.tf","StartLine":10,"EndLine":13}},{"address":"azurerm_sql_server.sql","mode":"managed","type":"azurerm_sql_server","name":"sql","provider_config_key":"azurerm","expressions":{"administrator_login":{"constant_value":"4dm1n157r470r"},"administrator_login_password":{"constant_value":"4-v3ry-53cr37-p455w0rd"},"location":{"references":["azurerm_resource_group.rg"]},"name":{"references":["local.resource_prefix"]},"resource_group_name":{"references":["azurerm_resource_group.rg"]},"version":{"constant_value":"12.0"}},"schema_version":0,"raw_data":{"FileName":"main.tf","StartLine":15,"EndLine":22}},{"address":"azurerm_storage_account.example","mode":"managed","type":"azurerm_storage_account","name":"example","provider_config_key":"azurerm","expressions":{"account_replication_type":{"constant_value":"LRS"},"account_tier":{"constant_value":"Standard"},"location":{"references":["azurerm_resource_group.rg"]},"name":{"references":["local.resource_prefix"]},"resource_group_name":{"references":["azurerm_resource_group.rg"]}},"schema_version":2,"raw_data":{"FileName":"main.tf","StartLine":24,"EndLine":30}},{"address":"azurerm_storage_container.example","mode":"managed","type":"azurerm_storage_container","name":"example","provider_config_key":"azurerm","expressions":{"container_access_type":{"constant_value":"private"},"name":{"references":["local.resource_prefix"]},"storage_account_name":{"references":["azurerm_storage_account.example"]}},"schema_version":1,"raw_data":{"FileName":"main.tf","StartLine":32,"EndLine":36}}]}}}
