{"format_version":"0.1","terraform_version":"0.13.4","planned_values":{"root_module":{"resources":[{"address":"aws_iam_role.dates-test-role","mode":"managed","type":"aws_iam_role","name":"dates-test-role","provider_name":"registry.terraform.io/hashicorp/aws","schema_version":0,"values":{"assume_role_policy":"{\"Statement\":[{\"Action\":\"sts:AssumeRole\",\"Effect\":\"Allow\",\"Principal\":{\"Service\":\"ec2.amazonaws.com\"},\"Sid\":\"\"}],\"Version\":\"2012-10-17\"}","description":null,"force_detach_policies":false,"inline_policy":[],"max_session_duration":3600,"name":"dates-test-role","name_prefix":null,"path":"/","permissions_boundary":null,"tags":{"Env":"Cloudrail","Name":"dates-test-role"},"tags_all":{"Env":"Cloudrail","Name":"dates-test-role"}}},{"address":"aws_iam_role_policy.ec2-describe-policy","mode":"managed","type":"aws_iam_role_policy","name":"ec2-describe-policy","provider_name":"registry.terraform.io/hashicorp/aws","schema_version":0,"values":{"name":"ec2-describe-policy","name_prefix":null,"policy":"{\n  \"Version\": \"2012-10-17\",\n  \"Statement\": [\n    {\n      \"Action\": [\n        \"ec2:Describe*\"\n      ],\n      \"Effect\": \"Allow\",\n      \"Resource\": \"*\"\n    }\n  ]\n}\n","role":"aws_iam_role.dates-test-role.id"}}]}},"resource_changes":[{"address":"aws_iam_role.dates-test-role","mode":"managed","type":"aws_iam_role","name":"dates-test-role","provider_name":"registry.terraform.io/hashicorp/aws","change":{"actions":["create"],"before":null,"after":{"assume_role_policy":"{\"Statement\":[{\"Action\":\"sts:AssumeRole\",\"Effect\":\"Allow\",\"Principal\":{\"Service\":\"ec2.amazonaws.com\"},\"Sid\":\"\"}],\"Version\":\"2012-10-17\"}","description":null,"force_detach_policies":false,"inline_policy":[],"max_session_duration":3600,"name":"dates-test-role","name_prefix":null,"path":"/","permissions_boundary":null,"tags":{"Env":"Cloudrail","Name":"dates-test-role"},"tags_all":{"Env":"Cloudrail","Name":"dates-test-role"}},"after_unknown":{"arn":true,"create_date":true,"id":true,"inline_policy":[],"managed_policy_arns":true,"tags":{},"tags_all":{},"unique_id":true}}},{"address":"aws_iam_role_policy.ec2-describe-policy","mode":"managed","type":"aws_iam_role_policy","name":"ec2-describe-policy","provider_name":"registry.terraform.io/hashicorp/aws","change":{"actions":["create"],"before":null,"after":{"name":"ec2-describe-policy","name_prefix":null,"policy":"{\n  \"Version\": \"2012-10-17\",\n  \"Statement\": [\n    {\n      \"Action\": [\n        \"ec2:Describe*\"\n      ],\n      \"Effect\": \"Allow\",\n      \"Resource\": \"*\"\n    }\n  ]\n}\n","role":"aws_iam_role.dates-test-role.id"},"after_unknown":{"id":true}}}],"configuration":{"provider_config":{"aws":{"name":"aws","expressions":{"region":{"constant_value":"us-east-1"}}}},"root_module":{"resources":[{"address":"aws_iam_role.dates-test-role","mode":"managed","type":"aws_iam_role","name":"dates-test-role","provider_config_key":"aws","expressions":{"assume_role_policy":{},"name":{"constant_value":"dates-test-role"},"tags":{"constant_value":{"Env":"Cloudrail","Name":"dates-test-role"}}},"schema_version":0,"raw_data":{"FileName":"main.tf","StartLine":1,"EndLine":20}},{"address":"aws_iam_role_policy.ec2-describe-policy","mode":"managed","type":"aws_iam_role_policy","name":"ec2-describe-policy","provider_config_key":"aws","expressions":{"name":{"constant_value":"ec2-describe-policy"},"policy":{"constant_value":"{\n  \"Version\": \"2012-10-17\",\n  \"Statement\": [\n    {\n      \"Action\": [\n        \"ec2:Describe*\"\n      ],\n      \"Effect\": \"Allow\",\n      \"Resource\": \"*\"\n    }\n  ]\n}\n"},"role":{"references":["aws_iam_role.dates-test-role"]}},"schema_version":0,"raw_data":{"FileName":"main.tf","StartLine":22,"EndLine":40}}]}}}
