{"format_version":"0.1","terraform_version":"0.13.4","planned_values":{"root_module":{"resources":[{"address":"aws_cloudwatch_event_rule.web-server-schedule-every-1d-rule","mode":"managed","type":"aws_cloudwatch_event_rule","name":"web-server-schedule-every-1d-rule","provider_name":"registry.terraform.io/hashicorp/aws","schema_version":0,"values":{"description":null,"event_bus_name":"default","event_pattern":null,"is_enabled":true,"name":"web-server-schedule-every-1d-rule","role_arn":null,"schedule_expression":"rate(24 hours)","tags":null}},{"address":"aws_cloudwatch_event_target.web-server-et","mode":"managed","type":"aws_cloudwatch_event_target","name":"web-server-et","provider_name":"registry.terraform.io/hashicorp/aws","schema_version":1,"values":{"arn":"aws_ecs_cluster.ecs-cluster.arn","batch_target":[],"dead_letter_config":[],"ecs_target":[{"group":null,"launch_type":"FARGATE","network_configuration":[{"assign_public_ip":true,"security_groups":["aws_security_group.target-ecs-sg.id"],"subnets":["aws_subnet.public-subnet.id"]}],"platform_version":null,"task_count":1,"task_definition_arn":"aws_ecs_task_definition.web-server-task-definition.arn"}],"event_bus_name":"default","http_target":[],"input":null,"input_path":null,"input_transformer":[],"kinesis_target":[],"retry_policy":[],"role_arn":"arn:aws:iam::115553109071:role/aws-service-role/ecs.amazonaws.com/AWSServiceRoleForECS","rule":"web-server-schedule-every-1d-rule","run_command_targets":[],"sqs_target":[],"target_id":"web-server-target-id"}},{"address":"aws_ecs_cluster.ecs-cluster","mode":"managed","type":"aws_ecs_cluster","name":"ecs-cluster","provider_name":"registry.terraform.io/hashicorp/aws","schema_version":0,"values":{"capacity_providers":null,"configuration":[],"default_capacity_provider_strategy":[],"name":"ecs-cluster","setting":[],"tags":null}},{"address":"aws_ecs_task_definition.web-server-task-definition","mode":"managed","type":"aws_ecs_task_definition","name":"web-server-task-definition","provider_name":"registry.terraform.io/hashicorp/aws","schema_version":1,"values":{"container_definitions":"  [\n    {\n      \"name\": \"apache-web-server\",\n      \"image\": \"167389268608.dkr.ecr.us-east-1.amazonaws.com/apache-web-server:latest\",\n      \"essential\": true,\n      \"portMappings\": [\n        {\n          \"containerPort\": 80,\n          \"hostPort\": 80,\n          \"protocol\": \"tcp\"\n        }\n      ]\n    }\n  ]\n","cpu":"256","ephemeral_storage":[],"execution_role_arn":"arn:aws:iam::115553109071:role/aws-service-role/ecs.amazonaws.com/AWSServiceRoleForECS","family":"web-server-task","inference_accelerator":[],"ipc_mode":null,"memory":"512","network_mode":"awsvpc","pid_mode":null,"placement_constraints":[],"proxy_configuration":[],"requires_compatibilities":["FARGATE"],"tags":null,"task_role_arn":null,"volume":[]}},{"address":"aws_internet_gateway.igw","mode":"managed","type":"aws_internet_gateway","name":"igw","provider_name":"registry.terraform.io/hashicorp/aws","schema_version":0,"values":{"tags":null,"vpc_id":"aws_vpc.test-vpc.id"}},{"address":"aws_network_acl.public-subnet-nacl","mode":"managed","type":"aws_network_acl","name":"public-subnet-nacl","provider_name":"registry.terraform.io/hashicorp/aws","schema_version":0,"values":{"subnet_ids":["aws_subnet.public-subnet.id"],"tags":null,"vpc_id":"aws_vpc.test-vpc.id"}},{"address":"aws_network_acl_rule.inbound-rule","mode":"managed","type":"aws_network_acl_rule","name":"inbound-rule","provider_name":"registry.terraform.io/hashicorp/aws","schema_version":0,"values":{"cidr_block":"0.0.0.0/0","egress":false,"from_port":80,"icmp_code":null,"icmp_type":null,"ipv6_cidr_block":null,"network_acl_id":"aws_network_acl.public-subnet-nacl.id","protocol":"tcp","rule_action":"allow","rule_number":100,"to_port":80}},{"address":"aws_network_acl_rule.outbound-rule","mode":"managed","type":"aws_network_acl_rule","name":"outbound-rule","provider_name":"registry.terraform.io/hashicorp/aws","schema_version":0,"values":{"cidr_block":"0.0.0.0/0","egress":true,"from_port":0,"icmp_code":null,"icmp_type":null,"ipv6_cidr_block":null,"network_acl_id":"aws_network_acl.public-subnet-nacl.id","protocol":"-1","rule_action":"allow","rule_number":100,"to_port":0}},{"address":"aws_route.igw-route","mode":"managed","type":"aws_route","name":"igw-route","provider_name":"registry.terraform.io/hashicorp/aws","schema_version":0,"values":{"carrier_gateway_id":null,"destination_cidr_block":"0.0.0.0/0","destination_ipv6_cidr_block":null,"destination_prefix_list_id":null,"egress_only_gateway_id":null,"gateway_id":"aws_internet_gateway.igw.id","local_gateway_id":null,"nat_gateway_id":null,"route_table_id":"aws_route_table.public-subnet-rt.id","timeouts":null,"transit_gateway_id":null,"vpc_endpoint_id":null,"vpc_peering_connection_id":null}},{"address":"aws_route_table.public-subnet-rt","mode":"managed","type":"aws_route_table","name":"public-subnet-rt","provider_name":"registry.terraform.io/hashicorp/aws","schema_version":0,"values":{"tags":null,"vpc_id":"aws_vpc.test-vpc.id"}},{"address":"aws_route_table_association.public-subnet-rt-assoc","mode":"managed","type":"aws_route_table_association","name":"public-subnet-rt-assoc","provider_name":"registry.terraform.io/hashicorp/aws","schema_version":0,"values":{"gateway_id":null,"route_table_id":"aws_route_table.public-subnet-rt.id","subnet_id":"aws_subnet.public-subnet.id"}},{"address":"aws_security_group.target-ecs-sg","mode":"managed","type":"aws_security_group","name":"target-ecs-sg","provider_name":"registry.terraform.io/hashicorp/aws","schema_version":1,"values":{"description":"Managed by Terraform","egress":[{"cidr_blocks":["0.0.0.0/0"],"description":null,"from_port":0,"ipv6_cidr_blocks":null,"prefix_list_ids":null,"protocol":"-1","security_groups":null,"self":null,"to_port":0}],"ingress":[{"cidr_blocks":["0.0.0.0/0"],"description":"target-ecs-sg","from_port":80,"ipv6_cidr_blocks":null,"prefix_list_ids":null,"protocol":"tcp","security_groups":null,"self":null,"to_port":80}],"name":"target-ecs-sg","revoke_rules_on_delete":false,"tags":null,"timeouts":null,"vpc_id":"aws_vpc.test-vpc.id"}},{"address":"aws_subnet.public-subnet","mode":"managed","type":"aws_subnet","name":"public-subnet","provider_name":"registry.terraform.io/hashicorp/aws","schema_version":1,"values":{"assign_ipv6_address_on_creation":false,"availability_zone":"us-east-1a","cidr_block":"192.168.100.128/25","customer_owned_ipv4_pool":null,"ipv6_cidr_block":null,"map_customer_owned_ip_on_launch":null,"map_public_ip_on_launch":false,"outpost_arn":null,"tags":null,"timeouts":null,"vpc_id":"aws_vpc.test-vpc.id"}},{"address":"aws_vpc.test-vpc","mode":"managed","type":"aws_vpc","name":"test-vpc","provider_name":"registry.terraform.io/hashicorp/aws","schema_version":1,"values":{"assign_generated_ipv6_cidr_block":false,"cidr_block":"192.168.100.128/25","enable_dns_support":true,"instance_tenancy":"default","tags":null}},{"address":"data.aws_ecs_container_definition.container-definition","mode":"data","type":"aws_ecs_container_definition","name":"container-definition","provider_name":"registry.terraform.io/hashicorp/aws","schema_version":0,"values":{"container_name":"apache-web-server","task_definition":"aws_ecs_task_definition.web-server-task-definition.id"}}]}},"resource_changes":[{"address":"aws_cloudwatch_event_rule.web-server-schedule-every-1d-rule","mode":"managed","type":"aws_cloudwatch_event_rule","name":"web-server-schedule-every-1d-rule","provider_name":"registry.terraform.io/hashicorp/aws","change":{"actions":["create"],"before":null,"after":{"description":null,"event_bus_name":"default","event_pattern":null,"is_enabled":true,"name":"web-server-schedule-every-1d-rule","role_arn":null,"schedule_expression":"rate(24 hours)","tags":null},"after_unknown":{"arn":true,"id":true,"name_prefix":true,"tags_all":true}}},{"address":"aws_cloudwatch_event_target.web-server-et","mode":"managed","type":"aws_cloudwatch_event_target","name":"web-server-et","provider_name":"registry.terraform.io/hashicorp/aws","change":{"actions":["create"],"before":null,"after":{"arn":"aws_ecs_cluster.ecs-cluster.arn","batch_target":[],"dead_letter_config":[],"ecs_target":[{"group":null,"launch_type":"FARGATE","network_configuration":[{"assign_public_ip":true,"security_groups":["aws_security_group.target-ecs-sg.id"],"subnets":["aws_subnet.public-subnet.id"]}],"platform_version":null,"task_count":1,"task_definition_arn":"aws_ecs_task_definition.web-server-task-definition.arn"}],"event_bus_name":"default","http_target":[],"input":null,"input_path":null,"input_transformer":[],"kinesis_target":[],"retry_policy":[],"role_arn":"arn:aws:iam::115553109071:role/aws-service-role/ecs.amazonaws.com/AWSServiceRoleForECS","rule":"web-server-schedule-every-1d-rule","run_command_targets":[],"sqs_target":[],"target_id":"web-server-target-id"},"after_unknown":{"batch_target":[],"dead_letter_config":[],"ecs_target":[{"network_configuration":[{"security_groups":[false],"subnets":[false]}]}],"http_target":[],"id":true,"input_transformer":[],"kinesis_target":[],"retry_policy":[],"run_command_targets":[],"sqs_target":[]}}},{"address":"aws_ecs_cluster.ecs-cluster","mode":"managed","type":"aws_ecs_cluster","name":"ecs-cluster","provider_name":"registry.terraform.io/hashicorp/aws","change":{"actions":["create"],"before":null,"after":{"capacity_providers":null,"configuration":[],"default_capacity_provider_strategy":[],"name":"ecs-cluster","setting":[],"tags":null},"after_unknown":{"arn":true,"configuration":[],"default_capacity_provider_strategy":[],"id":true,"setting":[],"tags_all":true}}},{"address":"aws_ecs_task_definition.web-server-task-definition","mode":"managed","type":"aws_ecs_task_definition","name":"web-server-task-definition","provider_name":"registry.terraform.io/hashicorp/aws","change":{"actions":["create"],"before":null,"after":{"container_definitions":"  [\n    {\n      \"name\": \"apache-web-server\",\n      \"image\": \"167389268608.dkr.ecr.us-east-1.amazonaws.com/apache-web-server:latest\",\n      \"essential\": true,\n      \"portMappings\": [\n        {\n          \"containerPort\": 80,\n          \"hostPort\": 80,\n          \"protocol\": \"tcp\"\n        }\n      ]\n    }\n  ]\n","cpu":"256","ephemeral_storage":[],"execution_role_arn":"arn:aws:iam::115553109071:role/aws-service-role/ecs.amazonaws.com/AWSServiceRoleForECS","family":"web-server-task","inference_accelerator":[],"ipc_mode":null,"memory":"512","network_mode":"awsvpc","pid_mode":null,"placement_constraints":[],"proxy_configuration":[],"requires_compatibilities":["FARGATE"],"tags":null,"task_role_arn":null,"volume":[]},"after_unknown":{"arn":true,"ephemeral_storage":[],"id":true,"inference_accelerator":[],"placement_constraints":[],"proxy_configuration":[],"requires_compatibilities":[false],"revision":true,"tags_all":true,"volume":[]}}},{"address":"aws_internet_gateway.igw","mode":"managed","type":"aws_internet_gateway","name":"igw","provider_name":"registry.terraform.io/hashicorp/aws","change":{"actions":["create"],"before":null,"after":{"tags":null,"vpc_id":"aws_vpc.test-vpc.id"},"after_unknown":{"arn":true,"id":true,"owner_id":true,"tags_all":true}}},{"address":"aws_network_acl.public-subnet-nacl","mode":"managed","type":"aws_network_acl","name":"public-subnet-nacl","provider_name":"registry.terraform.io/hashicorp/aws","change":{"actions":["create"],"before":null,"after":{"subnet_ids":["aws_subnet.public-subnet.id"],"tags":null,"vpc_id":"aws_vpc.test-vpc.id"},"after_unknown":{"arn":true,"egress":true,"id":true,"ingress":true,"owner_id":true,"subnet_ids":[false],"tags_all":true}}},{"address":"aws_network_acl_rule.inbound-rule","mode":"managed","type":"aws_network_acl_rule","name":"inbound-rule","provider_name":"registry.terraform.io/hashicorp/aws","change":{"actions":["create"],"before":null,"after":{"cidr_block":"0.0.0.0/0","egress":false,"from_port":80,"icmp_code":null,"icmp_type":null,"ipv6_cidr_block":null,"network_acl_id":"aws_network_acl.public-subnet-nacl.id","protocol":"tcp","rule_action":"allow","rule_number":100,"to_port":80},"after_unknown":{"id":true}}},{"address":"aws_network_acl_rule.outbound-rule","mode":"managed","type":"aws_network_acl_rule","name":"outbound-rule","provider_name":"registry.terraform.io/hashicorp/aws","change":{"actions":["create"],"before":null,"after":{"cidr_block":"0.0.0.0/0","egress":true,"from_port":0,"icmp_code":null,"icmp_type":null,"ipv6_cidr_block":null,"network_acl_id":"aws_network_acl.public-subnet-nacl.id","protocol":"-1","rule_action":"allow","rule_number":100,"to_port":0},"after_unknown":{"id":true}}},{"address":"aws_route.igw-route","mode":"managed","type":"aws_route","name":"igw-route","provider_name":"registry.terraform.io/hashicorp/aws","change":{"actions":["create"],"before":null,"after":{"carrier_gateway_id":null,"destination_cidr_block":"0.0.0.0/0","destination_ipv6_cidr_block":null,"destination_prefix_list_id":null,"egress_only_gateway_id":null,"gateway_id":"aws_internet_gateway.igw.id","local_gateway_id":null,"nat_gateway_id":null,"route_table_id":"aws_route_table.public-subnet-rt.id","timeouts":null,"transit_gateway_id":null,"vpc_endpoint_id":null,"vpc_peering_connection_id":null},"after_unknown":{"id":true,"instance_id":true,"instance_owner_id":true,"network_interface_id":true,"origin":true,"state":true}}},{"address":"aws_route_table.public-subnet-rt","mode":"managed","type":"aws_route_table","name":"public-subnet-rt","provider_name":"registry.terraform.io/hashicorp/aws","change":{"actions":["create"],"before":null,"after":{"tags":null,"vpc_id":"aws_vpc.test-vpc.id"},"after_unknown":{"arn":true,"id":true,"owner_id":true,"propagating_vgws":true,"route":true,"tags_all":true}}},{"address":"aws_route_table_association.public-subnet-rt-assoc","mode":"managed","type":"aws_route_table_association","name":"public-subnet-rt-assoc","provider_name":"registry.terraform.io/hashicorp/aws","change":{"actions":["create"],"before":null,"after":{"gateway_id":null,"route_table_id":"aws_route_table.public-subnet-rt.id","subnet_id":"aws_subnet.public-subnet.id"},"after_unknown":{"id":true}}},{"address":"aws_security_group.target-ecs-sg","mode":"managed","type":"aws_security_group","name":"target-ecs-sg","provider_name":"registry.terraform.io/hashicorp/aws","change":{"actions":["create"],"before":null,"after":{"description":"Managed by Terraform","egress":[{"cidr_blocks":["0.0.0.0/0"],"description":null,"from_port":0,"ipv6_cidr_blocks":null,"prefix_list_ids":null,"protocol":"-1","security_groups":null,"self":null,"to_port":0}],"ingress":[{"cidr_blocks":["0.0.0.0/0"],"description":"target-ecs-sg","from_port":80,"ipv6_cidr_blocks":null,"prefix_list_ids":null,"protocol":"tcp","security_groups":null,"self":null,"to_port":80}],"name":"target-ecs-sg","revoke_rules_on_delete":false,"tags":null,"timeouts":null,"vpc_id":"aws_vpc.test-vpc.id"},"after_unknown":{"arn":true,"egress":[{"cidr_blocks":[false]}],"id":true,"ingress":[{"cidr_blocks":[false]}],"name_prefix":true,"owner_id":true,"tags_all":true}}},{"address":"aws_subnet.public-subnet","mode":"managed","type":"aws_subnet","name":"public-subnet","provider_name":"registry.terraform.io/hashicorp/aws","change":{"actions":["create"],"before":null,"after":{"assign_ipv6_address_on_creation":false,"availability_zone":"us-east-1a","cidr_block":"192.168.100.128/25","customer_owned_ipv4_pool":null,"ipv6_cidr_block":null,"map_customer_owned_ip_on_launch":null,"map_public_ip_on_launch":false,"outpost_arn":null,"tags":null,"timeouts":null,"vpc_id":"aws_vpc.test-vpc.id"},"after_unknown":{"arn":true,"availability_zone_id":true,"id":true,"ipv6_cidr_block_association_id":true,"owner_id":true,"tags_all":true}}},{"address":"aws_vpc.test-vpc","mode":"managed","type":"aws_vpc","name":"test-vpc","provider_name":"registry.terraform.io/hashicorp/aws","change":{"actions":["create"],"before":null,"after":{"assign_generated_ipv6_cidr_block":false,"cidr_block":"192.168.100.128/25","enable_dns_support":true,"instance_tenancy":"default","tags":null},"after_unknown":{"arn":true,"default_network_acl_id":true,"default_route_table_id":true,"default_security_group_id":true,"dhcp_options_id":true,"enable_classiclink":true,"enable_classiclink_dns_support":true,"enable_dns_hostnames":true,"id":true,"ipv6_association_id":true,"ipv6_cidr_block":true,"main_route_table_id":true,"owner_id":true,"tags_all":true}}},{"address":"data.aws_ecs_container_definition.container-definition","mode":"data","type":"aws_ecs_container_definition","name":"container-definition","provider_name":"registry.terraform.io/hashicorp/aws","change":{"actions":["read"],"before":null,"after":{"container_name":"apache-web-server","task_definition":"aws_ecs_task_definition.web-server-task-definition.id"},"after_unknown":{"cpu":true,"disable_networking":true,"docker_labels":true,"environment":true,"id":true,"image":true,"image_digest":true,"memory":true,"memory_reservation":true}}}],"prior_state":{"format_version":"0.1","terraform_version":"0.13.4","values":{"root_module":{"resources":[{"address":"data.aws_iam_role.ecs_task_execution_role","mode":"data","type":"aws_iam_role","name":"ecs_task_execution_role","provider_name":"registry.terraform.io/hashicorp/aws","schema_version":0,"values":{"arn":"arn:aws:iam::115553109071:role/aws-service-role/ecs.amazonaws.com/AWSServiceRoleForECS","assume_role_policy":"{\"Version\":\"2012-10-17\",\"Statement\":[{\"Effect\":\"Allow\",\"Principal\":{\"Service\":\"ecs.amazonaws.com\"},\"Action\":\"sts:AssumeRole\"}]}","create_date":"2021-02-03T09:42:55Z","description":"Role to enable Amazon ECS to manage your cluster.","id":"AWSServiceRoleForECS","max_session_duration":3600,"name":"AWSServiceRoleForECS","path":"/aws-service-role/ecs.amazonaws.com/","permissions_boundary":"","tags":{},"unique_id":"AROARVZ4AQRH7RB6M6EPT"}}]}}},"configuration":{"provider_config":{"aws":{"name":"aws","expressions":{"region":{"constant_value":"us-east-1"}}}},"root_module":{"resources":[{"address":"aws_cloudwatch_event_rule.web-server-schedule-every-1d-rule","mode":"managed","type":"aws_cloudwatch_event_rule","name":"web-server-schedule-every-1d-rule","provider_config_key":"aws","expressions":{"name":{"constant_value":"web-server-schedule-every-1d-rule"},"schedule_expression":{"constant_value":"rate(24 hours)"}},"schema_version":0,"raw_data":{"FileName":"main.tf","StartLine":141,"EndLine":144}},{"address":"aws_cloudwatch_event_target.web-server-et","mode":"managed","type":"aws_cloudwatch_event_target","name":"web-server-et","provider_config_key":"aws","expressions":{"arn":{"references":["aws_ecs_cluster.ecs-cluster"]},"ecs_target":[{"launch_type":{"constant_value":"FARGATE"},"network_configuration":[{"assign_public_ip":{"constant_value":true},"security_groups":{"references":["aws_security_group.target-ecs-sg"]},"subnets":{"references":["aws_subnet.public-subnet"]}}],"task_count":{"constant_value":1},"task_definition_arn":{"references":["aws_ecs_task_definition.web-server-task-definition"]}}],"role_arn":{"references":["data.aws_iam_role.ecs_task_execution_role"]},"rule":{"references":["aws_cloudwatch_event_rule.web-server-schedule-every-1d-rule"]},"target_id":{"constant_value":"web-server-target-id"}},"schema_version":1,"raw_data":{"FileName":"main.tf","StartLine":122,"EndLine":139}},{"address":"aws_ecs_cluster.ecs-cluster","mode":"managed","type":"aws_ecs_cluster","name":"ecs-cluster","provider_config_key":"aws","expressions":{"name":{"constant_value":"ecs-cluster"}},"schema_version":0,"raw_data":{"FileName":"main.tf","StartLine":88,"EndLine":90}},{"address":"aws_ecs_task_definition.web-server-task-definition","mode":"managed","type":"aws_ecs_task_definition","name":"web-server-task-definition","provider_config_key":"aws","expressions":{"container_definitions":{"constant_value":"  [\n    {\n      \"name\": \"apache-web-server\",\n      \"image\": \"167389268608.dkr.ecr.us-east-1.amazonaws.com/apache-web-server:latest\",\n      \"essential\": true,\n      \"portMappings\": [\n        {\n          \"containerPort\": 80,\n          \"hostPort\": 80,\n          \"protocol\": \"tcp\"\n        }\n      ]\n    }\n  ]\n"},"cpu":{"constant_value":"256"},"execution_role_arn":{"references":["data.aws_iam_role.ecs_task_execution_role"]},"family":{"constant_value":"web-server-task"},"memory":{"constant_value":"512"},"network_mode":{"constant_value":"awsvpc"},"requires_compatibilities":{"constant_value":["FARGATE"]}},"schema_version":1,"raw_data":{"FileName":"main.tf","StartLine":92,"EndLine":115}},{"address":"aws_internet_gateway.igw","mode":"managed","type":"aws_internet_gateway","name":"igw","provider_config_key":"aws","expressions":{"vpc_id":{"references":["aws_vpc.test-vpc"]}},"schema_version":0,"raw_data":{"FileName":"main.tf","StartLine":47,"EndLine":49}},{"address":"aws_network_acl.public-subnet-nacl","mode":"managed","type":"aws_network_acl","name":"public-subnet-nacl","provider_config_key":"aws","expressions":{"subnet_ids":{"references":["aws_subnet.public-subnet"]},"vpc_id":{"references":["aws_vpc.test-vpc"]}},"schema_version":0,"raw_data":{"FileName":"main.tf","StartLine":20,"EndLine":23}},{"address":"aws_network_acl_rule.inbound-rule","mode":"managed","type":"aws_network_acl_rule","name":"inbound-rule","provider_config_key":"aws","expressions":{"cidr_block":{"references":["local.zero_cidr_block"]},"egress":{"constant_value":false},"from_port":{"references":["local.http_port"]},"network_acl_id":{"references":["aws_network_acl.public-subnet-nacl"]},"protocol":{"constant_value":"tcp"},"rule_action":{"constant_value":"allow"},"rule_number":{"constant_value":100},"to_port":{"references":["local.http_port"]}},"schema_version":0,"raw_data":{"FileName":"main.tf","StartLine":25,"EndLine":34}},{"address":"aws_network_acl_rule.outbound-rule","mode":"managed","type":"aws_network_acl_rule","name":"outbound-rule","provider_config_key":"aws","expressions":{"cidr_block":{"references":["local.zero_cidr_block"]},"egress":{"constant_value":true},"from_port":{"constant_value":0},"network_acl_id":{"references":["aws_network_acl.public-subnet-nacl"]},"protocol":{"constant_value":-1},"rule_action":{"constant_value":"allow"},"rule_number":{"constant_value":100},"to_port":{"constant_value":0}},"schema_version":0,"raw_data":{"FileName":"main.tf","StartLine":36,"EndLine":45}},{"address":"aws_route.igw-route","mode":"managed","type":"aws_route","name":"igw-route","provider_config_key":"aws","expressions":{"destination_cidr_block":{"references":["local.zero_cidr_block"]},"gateway_id":{"references":["aws_internet_gateway.igw"]},"route_table_id":{"references":["aws_route_table.public-subnet-rt"]}},"schema_version":0,"raw_data":{"FileName":"main.tf","StartLine":55,"EndLine":59}},{"address":"aws_route_table.public-subnet-rt","mode":"managed","type":"aws_route_table","name":"public-subnet-rt","provider_config_key":"aws","expressions":{"vpc_id":{"references":["aws_vpc.test-vpc"]}},"schema_version":0,"raw_data":{"FileName":"main.tf","StartLine":51,"EndLine":53}},{"address":"aws_route_table_association.public-subnet-rt-assoc","mode":"managed","type":"aws_route_table_association","name":"public-subnet-rt-assoc","provider_config_key":"aws","expressions":{"route_table_id":{"references":["aws_route_table.public-subnet-rt"]},"subnet_id":{"references":["aws_subnet.public-subnet"]}},"schema_version":0,"raw_data":{"FileName":"main.tf","StartLine":61,"EndLine":64}},{"address":"aws_security_group.target-ecs-sg","mode":"managed","type":"aws_security_group","name":"target-ecs-sg","provider_config_key":"aws","expressions":{"name":{"constant_value":"target-ecs-sg"},"vpc_id":{"references":["aws_vpc.test-vpc"]}},"schema_version":1,"raw_data":{"FileName":"main.tf","StartLine":67,"EndLine":86}},{"address":"aws_subnet.public-subnet","mode":"managed","type":"aws_subnet","name":"public-subnet","provider_config_key":"aws","expressions":{"availability_zone":{"constant_value":"us-east-1a"},"cidr_block":{"references":["local.cidr_block"]},"vpc_id":{"references":["aws_vpc.test-vpc"]}},"schema_version":1,"raw_data":{"FileName":"main.tf","StartLine":14,"EndLine":18}},{"address":"aws_vpc.test-vpc","mode":"managed","type":"aws_vpc","name":"test-vpc","provider_config_key":"aws","expressions":{"cidr_block":{"references":["local.cidr_block"]}},"schema_version":1,"raw_data":{"FileName":"main.tf","StartLine":10,"EndLine":12}},{"address":"data.aws_ecs_container_definition.container-definition","mode":"data","type":"aws_ecs_container_definition","name":"container-definition","provider_config_key":"aws","expressions":{"container_name":{"constant_value":"apache-web-server"},"task_definition":{"references":["aws_ecs_task_definition.web-server-task-definition"]}},"schema_version":0,"raw_data":{"FileName":"main.tf","StartLine":117,"EndLine":120}},{"address":"data.aws_iam_role.ecs_task_execution_role","mode":"data","type":"aws_iam_role","name":"ecs_task_execution_role","provider_config_key":"aws","expressions":{"name":{"constant_value":"AWSServiceRoleForECS"}},"schema_version":0,"raw_data":{"FileName":"main.tf","StartLine":146,"EndLine":148}}]}}}
