{"format_version":"0.1","terraform_version":"0.13.4","planned_values":{"root_module":{"resources":[{"address":"aws_default_route_table.ido_default_route_table","mode":"managed","type":"aws_default_route_table","name":"ido_default_route_table","provider_name":"registry.terraform.io/hashicorp/aws","schema_version":0,"values":{"default_route_table_id":"aws_vpc.external.default_route_table_id","propagating_vgws":null,"tags":{"Name":"default table"},"tags_all":{"Name":"default table"}}},{"address":"aws_internet_gateway.igw","mode":"managed","type":"aws_internet_gateway","name":"igw","provider_name":"registry.terraform.io/hashicorp/aws","schema_version":0,"values":{"tags":null,"vpc_id":"aws_vpc.external.id"}},{"address":"aws_route.use_aws_default_route_table_default_route_table","mode":"managed","type":"aws_route","name":"use_aws_default_route_table_default_route_table","provider_name":"registry.terraform.io/hashicorp/aws","schema_version":0,"values":{"carrier_gateway_id":null,"destination_cidr_block":"0.0.0.0/0","destination_ipv6_cidr_block":null,"destination_prefix_list_id":null,"egress_only_gateway_id":null,"gateway_id":"aws_internet_gateway.igw.id","local_gateway_id":null,"nat_gateway_id":null,"route_table_id":"aws_vpc.external.default_route_table_id","timeouts":null,"transit_gateway_id":null,"vpc_endpoint_id":null,"vpc_peering_connection_id":null}},{"address":"aws_route.use_aws_default_route_table_id","mode":"managed","type":"aws_route","name":"use_aws_default_route_table_id","provider_name":"registry.terraform.io/hashicorp/aws","schema_version":0,"values":{"carrier_gateway_id":null,"destination_cidr_block":"0.0.0.0/0","destination_ipv6_cidr_block":null,"destination_prefix_list_id":null,"egress_only_gateway_id":null,"gateway_id":"aws_internet_gateway.igw.id","local_gateway_id":null,"nat_gateway_id":null,"route_table_id":"aws_default_route_table.ido_default_route_table.id","timeouts":null,"transit_gateway_id":null,"vpc_endpoint_id":null,"vpc_peering_connection_id":null}},{"address":"aws_route.use_vpc_default_id","mode":"managed","type":"aws_route","name":"use_vpc_default_id","provider_name":"registry.terraform.io/hashicorp/aws","schema_version":0,"values":{"carrier_gateway_id":null,"destination_cidr_block":"0.0.0.0/0","destination_ipv6_cidr_block":null,"destination_prefix_list_id":null,"egress_only_gateway_id":null,"gateway_id":"aws_internet_gateway.igw.id","local_gateway_id":null,"nat_gateway_id":null,"route_table_id":"aws_vpc.external.default_route_table_id","timeouts":null,"transit_gateway_id":null,"vpc_endpoint_id":null,"vpc_peering_connection_id":null}},{"address":"aws_route_table_association.external_subnet_to_internet","mode":"managed","type":"aws_route_table_association","name":"external_subnet_to_internet","provider_name":"registry.terraform.io/hashicorp/aws","schema_version":0,"values":{"gateway_id":null,"route_table_id":"aws_vpc.external.main_route_table_id","subnet_id":"aws_subnet.external.id"}},{"address":"aws_subnet.external","mode":"managed","type":"aws_subnet","name":"external","provider_name":"registry.terraform.io/hashicorp/aws","schema_version":1,"values":{"assign_ipv6_address_on_creation":false,"cidr_block":"172.27.65.0/24","customer_owned_ipv4_pool":null,"ipv6_cidr_block":null,"map_customer_owned_ip_on_launch":null,"map_public_ip_on_launch":false,"outpost_arn":null,"tags":{"Name":"external"},"tags_all":{"Name":"external"},"timeouts":null,"vpc_id":"aws_vpc.external.id"}},{"address":"aws_vpc.external","mode":"managed","type":"aws_vpc","name":"external","provider_name":"registry.terraform.io/hashicorp/aws","schema_version":1,"values":{"assign_generated_ipv6_cidr_block":false,"cidr_block":"172.27.0.0/16","enable_dns_hostnames":true,"enable_dns_support":true,"instance_tenancy":"default","tags":{"Name":"external"},"tags_all":{"Name":"external"}}}]}},"resource_changes":[{"address":"aws_default_route_table.ido_default_route_table","mode":"managed","type":"aws_default_route_table","name":"ido_default_route_table","provider_name":"registry.terraform.io/hashicorp/aws","change":{"actions":["create"],"before":null,"after":{"default_route_table_id":"aws_vpc.external.default_route_table_id","propagating_vgws":null,"tags":{"Name":"default table"},"tags_all":{"Name":"default table"}},"after_unknown":{"arn":true,"id":true,"owner_id":true,"route":true,"tags":{},"tags_all":{},"vpc_id":true}}},{"address":"aws_internet_gateway.igw","mode":"managed","type":"aws_internet_gateway","name":"igw","provider_name":"registry.terraform.io/hashicorp/aws","change":{"actions":["create"],"before":null,"after":{"tags":null,"vpc_id":"aws_vpc.external.id"},"after_unknown":{"arn":true,"id":true,"owner_id":true,"tags_all":true}}},{"address":"aws_route.use_aws_default_route_table_default_route_table","mode":"managed","type":"aws_route","name":"use_aws_default_route_table_default_route_table","provider_name":"registry.terraform.io/hashicorp/aws","change":{"actions":["create"],"before":null,"after":{"carrier_gateway_id":null,"destination_cidr_block":"0.0.0.0/0","destination_ipv6_cidr_block":null,"destination_prefix_list_id":null,"egress_only_gateway_id":null,"gateway_id":"aws_internet_gateway.igw.id","local_gateway_id":null,"nat_gateway_id":null,"route_table_id":"aws_vpc.external.default_route_table_id","timeouts":null,"transit_gateway_id":null,"vpc_endpoint_id":null,"vpc_peering_connection_id":null},"after_unknown":{"id":true,"instance_id":true,"instance_owner_id":true,"network_interface_id":true,"origin":true,"state":true}}},{"address":"aws_route.use_aws_default_route_table_id","mode":"managed","type":"aws_route","name":"use_aws_default_route_table_id","provider_name":"registry.terraform.io/hashicorp/aws","change":{"actions":["create"],"before":null,"after":{"carrier_gateway_id":null,"destination_cidr_block":"0.0.0.0/0","destination_ipv6_cidr_block":null,"destination_prefix_list_id":null,"egress_only_gateway_id":null,"gateway_id":"aws_internet_gateway.igw.id","local_gateway_id":null,"nat_gateway_id":null,"route_table_id":"aws_default_route_table.ido_default_route_table.id","timeouts":null,"transit_gateway_id":null,"vpc_endpoint_id":null,"vpc_peering_connection_id":null},"after_unknown":{"id":true,"instance_id":true,"instance_owner_id":true,"network_interface_id":true,"origin":true,"state":true}}},{"address":"aws_route.use_vpc_default_id","mode":"managed","type":"aws_route","name":"use_vpc_default_id","provider_name":"registry.terraform.io/hashicorp/aws","change":{"actions":["create"],"before":null,"after":{"carrier_gateway_id":null,"destination_cidr_block":"0.0.0.0/0","destination_ipv6_cidr_block":null,"destination_prefix_list_id":null,"egress_only_gateway_id":null,"gateway_id":"aws_internet_gateway.igw.id","local_gateway_id":null,"nat_gateway_id":null,"route_table_id":"aws_vpc.external.default_route_table_id","timeouts":null,"transit_gateway_id":null,"vpc_endpoint_id":null,"vpc_peering_connection_id":null},"after_unknown":{"id":true,"instance_id":true,"instance_owner_id":true,"network_interface_id":true,"origin":true,"state":true}}},{"address":"aws_route_table_association.external_subnet_to_internet","mode":"managed","type":"aws_route_table_association","name":"external_subnet_to_internet","provider_name":"registry.terraform.io/hashicorp/aws","change":{"actions":["create"],"before":null,"after":{"gateway_id":null,"route_table_id":"aws_vpc.external.main_route_table_id","subnet_id":"aws_subnet.external.id"},"after_unknown":{"id":true}}},{"address":"aws_subnet.external","mode":"managed","type":"aws_subnet","name":"external","provider_name":"registry.terraform.io/hashicorp/aws","change":{"actions":["create"],"before":null,"after":{"assign_ipv6_address_on_creation":false,"cidr_block":"172.27.65.0/24","customer_owned_ipv4_pool":null,"ipv6_cidr_block":null,"map_customer_owned_ip_on_launch":null,"map_public_ip_on_launch":false,"outpost_arn":null,"tags":{"Name":"external"},"tags_all":{"Name":"external"},"timeouts":null,"vpc_id":"aws_vpc.external.id"},"after_unknown":{"arn":true,"availability_zone":true,"availability_zone_id":true,"id":true,"ipv6_cidr_block_association_id":true,"owner_id":true,"tags":{},"tags_all":{}}}},{"address":"aws_vpc.external","mode":"managed","type":"aws_vpc","name":"external","provider_name":"registry.terraform.io/hashicorp/aws","change":{"actions":["create"],"before":null,"after":{"assign_generated_ipv6_cidr_block":false,"cidr_block":"172.27.0.0/16","enable_dns_hostnames":true,"enable_dns_support":true,"instance_tenancy":"default","tags":{"Name":"external"},"tags_all":{"Name":"external"}},"after_unknown":{"arn":true,"default_network_acl_id":true,"default_route_table_id":true,"default_security_group_id":true,"dhcp_options_id":true,"enable_classiclink":true,"enable_classiclink_dns_support":true,"id":true,"ipv6_association_id":true,"ipv6_cidr_block":true,"main_route_table_id":true,"owner_id":true,"tags":{},"tags_all":{}}}}],"configuration":{"provider_config":{"aws":{"name":"aws","expressions":{"region":{"constant_value":"us-east-1"}}}},"root_module":{"resources":[{"address":"aws_default_route_table.ido_default_route_table","mode":"managed","type":"aws_default_route_table","name":"ido_default_route_table","provider_config_key":"aws","expressions":{"default_route_table_id":{"references":["aws_vpc.external"]},"tags":{"constant_value":{"Name":"default table"}}},"schema_version":0,"raw_data":{"FileName":"main.tf","StartLine":10,"EndLine":15}},{"address":"aws_internet_gateway.igw","mode":"managed","type":"aws_internet_gateway","name":"igw","provider_config_key":"aws","expressions":{"vpc_id":{"references":["aws_vpc.external"]}},"schema_version":0,"raw_data":{"FileName":"main.tf","StartLine":23,"EndLine":25}},{"address":"aws_route.use_aws_default_route_table_default_route_table","mode":"managed","type":"aws_route","name":"use_aws_default_route_table_default_route_table","provider_config_key":"aws","expressions":{"destination_cidr_block":{"constant_value":"0.0.0.0/0"},"gateway_id":{"references":["aws_internet_gateway.igw"]},"route_table_id":{"references":["aws_default_route_table.ido_default_route_table"]}},"schema_version":0,"raw_data":{"FileName":"main.tf","StartLine":27,"EndLine":31}},{"address":"aws_route.use_aws_default_route_table_id","mode":"managed","type":"aws_route","name":"use_aws_default_route_table_id","provider_config_key":"aws","expressions":{"destination_cidr_block":{"constant_value":"0.0.0.0/0"},"gateway_id":{"references":["aws_internet_gateway.igw"]},"route_table_id":{"references":["aws_default_route_table.ido_default_route_table"]}},"schema_version":0,"raw_data":{"FileName":"main.tf","StartLine":33,"EndLine":37}},{"address":"aws_route.use_vpc_default_id","mode":"managed","type":"aws_route","name":"use_vpc_default_id","provider_config_key":"aws","expressions":{"destination_cidr_block":{"constant_value":"0.0.0.0/0"},"gateway_id":{"references":["aws_internet_gateway.igw"]},"route_table_id":{"references":["aws_vpc.external"]}},"schema_version":0,"raw_data":{"FileName":"main.tf","StartLine":17,"EndLine":21}},{"address":"aws_route_table_association.external_subnet_to_internet","mode":"managed","type":"aws_route_table_association","name":"external_subnet_to_internet","provider_config_key":"aws","expressions":{"route_table_id":{"references":["aws_vpc.external"]},"subnet_id":{"references":["aws_subnet.external"]}},"schema_version":0,"raw_data":{"FileName":"main.tf","StartLine":39,"EndLine":42}},{"address":"aws_subnet.external","mode":"managed","type":"aws_subnet","name":"external","provider_config_key":"aws","expressions":{"cidr_block":{"constant_value":"172.27.65.0/24"},"tags":{"constant_value":{"Name":"external"}},"vpc_id":{"references":["aws_vpc.external"]}},"schema_version":1,"raw_data":{"FileName":"main.tf","StartLine":44,"EndLine":50}},{"address":"aws_vpc.external","mode":"managed","type":"aws_vpc","name":"external","provider_config_key":"aws","expressions":{"cidr_block":{"constant_value":"172.27.0.0/16"},"enable_dns_hostnames":{"constant_value":"true"},"enable_dns_support":{"constant_value":"true"},"tags":{"constant_value":{"Name":"external"}}},"schema_version":1,"raw_data":{"FileName":"main.tf","StartLine":1,"EndLine":8}}]}}}
