{"format_version":"0.1","terraform_version":"0.13.4","planned_values":{"root_module":{"resources":[{"address":"aws_internet_gateway.igw","mode":"managed","type":"aws_internet_gateway","name":"igw","provider_name":"registry.terraform.io/hashicorp/aws","schema_version":0,"values":{"tags":null,"vpc_id":"aws_vpc.vpc1.id"}},{"address":"aws_lb.test","mode":"managed","type":"aws_lb","name":"test","provider_name":"registry.terraform.io/hashicorp/aws","schema_version":0,"values":{"access_logs":[],"customer_owned_ipv4_pool":null,"drop_invalid_header_fields":false,"enable_cross_zone_load_balancing":null,"enable_deletion_protection":false,"enable_http2":true,"idle_timeout":60,"load_balancer_type":"application","name":"test123","name_prefix":null,"subnet_mapping":[],"subnets":["aws_subnet.subnet1.id","aws_subnet.subnet2.id"],"tags":null,"timeouts":null}},{"address":"aws_subnet.subnet1","mode":"managed","type":"aws_subnet","name":"subnet1","provider_name":"registry.terraform.io/hashicorp/aws","schema_version":1,"values":{"assign_ipv6_address_on_creation":false,"availability_zone_id":"use1-az1","cidr_block":"10.10.10.0/24","customer_owned_ipv4_pool":null,"ipv6_cidr_block":null,"map_customer_owned_ip_on_launch":null,"map_public_ip_on_launch":false,"outpost_arn":null,"tags":{"Name":"subnet1"},"tags_all":{"Name":"subnet1"},"timeouts":null,"vpc_id":"aws_vpc.vpc1.id"}},{"address":"aws_subnet.subnet2","mode":"managed","type":"aws_subnet","name":"subnet2","provider_name":"registry.terraform.io/hashicorp/aws","schema_version":1,"values":{"assign_ipv6_address_on_creation":false,"availability_zone_id":"use1-az2","cidr_block":"10.10.11.0/24","customer_owned_ipv4_pool":null,"ipv6_cidr_block":null,"map_customer_owned_ip_on_launch":null,"map_public_ip_on_launch":false,"outpost_arn":null,"tags":{"Name":"subnet2"},"tags_all":{"Name":"subnet2"},"timeouts":null,"vpc_id":"aws_vpc.vpc1.id"}},{"address":"aws_vpc.vpc1","mode":"managed","type":"aws_vpc","name":"vpc1","provider_name":"registry.terraform.io/hashicorp/aws","schema_version":1,"values":{"assign_generated_ipv6_cidr_block":false,"cidr_block":"10.10.0.0/16","enable_dns_support":true,"instance_tenancy":"default","tags":null}}]}},"resource_changes":[{"address":"aws_internet_gateway.igw","mode":"managed","type":"aws_internet_gateway","name":"igw","provider_name":"registry.terraform.io/hashicorp/aws","change":{"actions":["create"],"before":null,"after":{"tags":null,"vpc_id":"aws_vpc.vpc1.id"},"after_unknown":{"arn":true,"id":true,"owner_id":true,"tags_all":true}}},{"address":"aws_lb.test","mode":"managed","type":"aws_lb","name":"test","provider_name":"registry.terraform.io/hashicorp/aws","change":{"actions":["create"],"before":null,"after":{"access_logs":[],"customer_owned_ipv4_pool":null,"drop_invalid_header_fields":false,"enable_cross_zone_load_balancing":null,"enable_deletion_protection":false,"enable_http2":true,"idle_timeout":60,"load_balancer_type":"application","name":"test123","name_prefix":null,"subnet_mapping":[],"subnets":["aws_subnet.subnet1.id","aws_subnet.subnet2.id"],"tags":null,"timeouts":null},"after_unknown":{"access_logs":[],"arn":true,"arn_suffix":true,"dns_name":true,"id":true,"internal":true,"ip_address_type":true,"security_groups":true,"subnet_mapping":[],"subnets":[false,false],"tags_all":true,"vpc_id":true,"zone_id":true}}},{"address":"aws_subnet.subnet1","mode":"managed","type":"aws_subnet","name":"subnet1","provider_name":"registry.terraform.io/hashicorp/aws","change":{"actions":["create"],"before":null,"after":{"assign_ipv6_address_on_creation":false,"availability_zone_id":"use1-az1","cidr_block":"10.10.10.0/24","customer_owned_ipv4_pool":null,"ipv6_cidr_block":null,"map_customer_owned_ip_on_launch":null,"map_public_ip_on_launch":false,"outpost_arn":null,"tags":{"Name":"subnet1"},"tags_all":{"Name":"subnet1"},"timeouts":null,"vpc_id":"aws_vpc.vpc1.id"},"after_unknown":{"arn":true,"availability_zone":true,"id":true,"ipv6_cidr_block_association_id":true,"owner_id":true,"tags":{},"tags_all":{}}}},{"address":"aws_subnet.subnet2","mode":"managed","type":"aws_subnet","name":"subnet2","provider_name":"registry.terraform.io/hashicorp/aws","change":{"actions":["create"],"before":null,"after":{"assign_ipv6_address_on_creation":false,"availability_zone_id":"use1-az2","cidr_block":"10.10.11.0/24","customer_owned_ipv4_pool":null,"ipv6_cidr_block":null,"map_customer_owned_ip_on_launch":null,"map_public_ip_on_launch":false,"outpost_arn":null,"tags":{"Name":"subnet2"},"tags_all":{"Name":"subnet2"},"timeouts":null,"vpc_id":"aws_vpc.vpc1.id"},"after_unknown":{"arn":true,"availability_zone":true,"id":true,"ipv6_cidr_block_association_id":true,"owner_id":true,"tags":{},"tags_all":{}}}},{"address":"aws_vpc.vpc1","mode":"managed","type":"aws_vpc","name":"vpc1","provider_name":"registry.terraform.io/hashicorp/aws","change":{"actions":["create"],"before":null,"after":{"assign_generated_ipv6_cidr_block":false,"cidr_block":"10.10.0.0/16","enable_dns_support":true,"instance_tenancy":"default","tags":null},"after_unknown":{"arn":true,"default_network_acl_id":true,"default_route_table_id":true,"default_security_group_id":true,"dhcp_options_id":true,"enable_classiclink":true,"enable_classiclink_dns_support":true,"enable_dns_hostnames":true,"id":true,"ipv6_association_id":true,"ipv6_cidr_block":true,"main_route_table_id":true,"owner_id":true,"tags_all":true}}}],"prior_state":{"format_version":"0.1","terraform_version":"0.13.4","values":{"root_module":{"resources":[{"address":"data.aws_availability_zones.available","mode":"data","type":"aws_availability_zones","name":"available","provider_name":"registry.terraform.io/hashicorp/aws","schema_version":0,"values":{"all_availability_zones":null,"exclude_names":null,"exclude_zone_ids":null,"filter":null,"group_names":["us-east-1"],"id":"us-east-1","names":["us-east-1a","us-east-1b","us-east-1c","us-east-1d","us-east-1e","us-east-1f"],"state":"available","zone_ids":["use1-az1","use1-az2","use1-az4","use1-az6","use1-az3","use1-az5"]}}]}}},"configuration":{"provider_config":{"aws":{"name":"aws","expressions":{"region":{"constant_value":"us-east-1"}}}},"root_module":{"resources":[{"address":"aws_internet_gateway.igw","mode":"managed","type":"aws_internet_gateway","name":"igw","provider_config_key":"aws","expressions":{"vpc_id":{"references":["aws_vpc.vpc1"]}},"schema_version":0,"raw_data":{"FileName":"main.tf","StartLine":28,"EndLine":30}},{"address":"aws_lb.test","mode":"managed","type":"aws_lb","name":"test","provider_config_key":"aws","expressions":{"load_balancer_type":{"constant_value":"application"},"name":{"constant_value":"test123"},"subnets":{"references":["aws_subnet.subnet1","aws_subnet.subnet2"]}},"schema_version":0,"raw_data":{"FileName":"main.tf","StartLine":32,"EndLine":37}},{"address":"aws_subnet.subnet1","mode":"managed","type":"aws_subnet","name":"subnet1","provider_config_key":"aws","expressions":{"availability_zone_id":{"references":["data.aws_availability_zones.available"]},"cidr_block":{"constant_value":"10.10.10.0/24"},"tags":{"constant_value":{"Name":"subnet1"}},"vpc_id":{"references":["aws_vpc.vpc1"]}},"schema_version":1,"raw_data":{"FileName":"main.tf","StartLine":9,"EndLine":16}},{"address":"aws_subnet.subnet2","mode":"managed","type":"aws_subnet","name":"subnet2","provider_config_key":"aws","expressions":{"availability_zone_id":{"references":["data.aws_availability_zones.available"]},"cidr_block":{"constant_value":"10.10.11.0/24"},"tags":{"constant_value":{"Name":"subnet2"}},"vpc_id":{"references":["aws_vpc.vpc1"]}},"schema_version":1,"raw_data":{"FileName":"main.tf","StartLine":18,"EndLine":26}},{"address":"aws_vpc.vpc1","mode":"managed","type":"aws_vpc","name":"vpc1","provider_config_key":"aws","expressions":{"cidr_block":{"constant_value":"10.10.0.0/16"}},"schema_version":1,"raw_data":{"FileName":"main.tf","StartLine":5,"EndLine":7}},{"address":"data.aws_availability_zones.available","mode":"data","type":"aws_availability_zones","name":"available","provider_config_key":"aws","expressions":{"state":{"constant_value":"available"}},"schema_version":0,"raw_data":{"FileName":"main.tf","StartLine":1,"EndLine":3}}]}}}
