{"format_version":"0.1","terraform_version":"0.12.29","planned_values":{"root_module":{"child_modules":[{"resources":[{"address":"module.test_module.aws_efs_file_system.cloudrail","mode":"managed","type":"aws_efs_file_system","name":"cloudrail","provider_name":"aws","schema_version":0,"values":{"creation_token":"cloudrail-encrypted","encrypted":true,"lifecycle_policy":[],"provisioned_throughput_in_mibps":null,"tags":{"Name":"Encrypted"},"throughput_mode":"bursting"}}],"address":"module.test_module"}]}},"resource_changes":[{"address":"module.test_module.aws_efs_file_system.cloudrail","module_address":"module.test_module","mode":"managed","type":"aws_efs_file_system","name":"cloudrail","provider_name":"aws","change":{"actions":["create"],"before":null,"after":{"creation_token":"cloudrail-encrypted","encrypted":true,"lifecycle_policy":[],"provisioned_throughput_in_mibps":null,"tags":{"Name":"Encrypted"},"throughput_mode":"bursting"},"after_unknown":{"arn":true,"dns_name":true,"id":true,"kms_key_id":true,"lifecycle_policy":[],"performance_mode":true,"reference_name":true,"tags":{}}}}],"configuration":{"provider_config":{"aws":{"name":"aws","version_constraint":"2.70.0","expressions":{"region":{"constant_value":"us-east-1"}}},"test_module:aws":{"name":"aws","module_address":"test_module","expressions":{"region":{"constant_value":"us-east-1"}}}},"root_module":{"module_calls":{"test_module":{"source":"./efs/efs_encrypted","module":{"resources":[{"address":"aws_efs_file_system.cloudrail","mode":"managed","type":"aws_efs_file_system","name":"cloudrail","provider_config_key":"test_module:aws","expressions":{"creation_token":{"constant_value":"cloudrail-encrypted"},"encrypted":{"constant_value":true},"tags":{"constant_value":{"Name":"Encrypted"}}},"schema_version":0,"raw_data":{"FileName":"efs/efs_encrypted/main.tf","StartLine":5,"EndLine":12}}]},"raw_data":{"FileName":"main.tf","StartLine":7,"EndLine":9}}}}}}
