{"format_version":"0.1","terraform_version":"0.14.6","planned_values":{"root_module":{"resources":[{"address":"azurerm_key_vault.kv","mode":"managed","type":"azurerm_key_vault","name":"kv","provider_name":"registry.terraform.io/hashicorp/azurerm","schema_version":2,"values":{"access_policy":[{"application_id":null,"certificate_permissions":null,"key_permissions":["Get","List","create","delete"],"object_id":"ddc8b952-aa8e-4ae1-aa42-0dfdf4f15db3","secret_permissions":["Get","List","set"],"storage_permissions":["Get"],"tenant_id":"568db8f3-e402-4c09-baa9-692e42029cc7"}],"contact":[],"enable_rbac_authorization":null,"enabled_for_deployment":null,"enabled_for_disk_encryption":null,"enabled_for_template_deployment":null,"location":"westeurope","name":"cr2388-keyvault","purge_protection_enabled":false,"resource_group_name":"cr2388-RG","sku_name":"standard","soft_delete_retention_days":7,"tags":null,"tenant_id":"568db8f3-e402-4c09-baa9-692e42029cc7","timeouts":null}},{"address":"azurerm_monitor_diagnostic_setting.example","mode":"managed","type":"azurerm_monitor_diagnostic_setting","name":"example","provider_name":"registry.terraform.io/hashicorp/azurerm","schema_version":0,"values":{"eventhub_authorization_rule_id":null,"eventhub_name":null,"log":[],"log_analytics_destination_type":null,"log_analytics_workspace_id":null,"metric":[{"category":"AllMetrics","enabled":true,"retention_policy":[{"days":null,"enabled":false}]}],"name":"example","storage_account_id":"azurerm_storage_account.storacc.id","target_resource_id":"azurerm_key_vault.kv.id","timeouts":null}},{"address":"azurerm_resource_group.rg","mode":"managed","type":"azurerm_resource_group","name":"rg","provider_name":"registry.terraform.io/hashicorp/azurerm","schema_version":0,"values":{"location":"westeurope","name":"cr2388-RG","tags":null,"timeouts":null}},{"address":"azurerm_storage_account.storacc","mode":"managed","type":"azurerm_storage_account","name":"storacc","provider_name":"registry.terraform.io/hashicorp/azurerm","schema_version":2,"values":{"account_kind":"StorageV2","account_replication_type":"LRS","account_tier":"Standard","allow_blob_public_access":false,"azure_files_authentication":[],"custom_domain":[],"enable_https_traffic_only":true,"is_hns_enabled":false,"location":"westeurope","min_tls_version":"TLS1_0","name":"cr2388tststacc","nfsv3_enabled":false,"resource_group_name":"cr2388-RG","static_website":[],"tags":null,"timeouts":null}}]}},"resource_changes":[{"address":"azurerm_key_vault.kv","mode":"managed","type":"azurerm_key_vault","name":"kv","provider_name":"registry.terraform.io/hashicorp/azurerm","change":{"actions":["create"],"before":null,"after":{"access_policy":[{"application_id":null,"certificate_permissions":null,"key_permissions":["Get","List","create","delete"],"object_id":"ddc8b952-aa8e-4ae1-aa42-0dfdf4f15db3","secret_permissions":["Get","List","set"],"storage_permissions":["Get"],"tenant_id":"568db8f3-e402-4c09-baa9-692e42029cc7"}],"contact":[],"enable_rbac_authorization":null,"enabled_for_deployment":null,"enabled_for_disk_encryption":null,"enabled_for_template_deployment":null,"location":"westeurope","name":"cr2388-keyvault","purge_protection_enabled":false,"resource_group_name":"cr2388-RG","sku_name":"standard","soft_delete_retention_days":7,"tags":null,"tenant_id":"568db8f3-e402-4c09-baa9-692e42029cc7","timeouts":null},"after_unknown":{"access_policy":[{"key_permissions":[false,false,false,false],"secret_permissions":[false,false,false],"storage_permissions":[false]}],"contact":[],"id":true,"network_acls":true,"soft_delete_enabled":true,"vault_uri":true}}},{"address":"azurerm_monitor_diagnostic_setting.example","mode":"managed","type":"azurerm_monitor_diagnostic_setting","name":"example","provider_name":"registry.terraform.io/hashicorp/azurerm","change":{"actions":["create"],"before":null,"after":{"eventhub_authorization_rule_id":null,"eventhub_name":null,"log":[],"log_analytics_destination_type":null,"log_analytics_workspace_id":null,"metric":[{"category":"AllMetrics","enabled":true,"retention_policy":[{"days":null,"enabled":false}]}],"name":"example","storage_account_id":"azurerm_storage_account.storacc.id","target_resource_id":"azurerm_key_vault.kv.id","timeouts":null},"after_unknown":{"id":true,"log":[],"metric":[{"retention_policy":[{}]}]}}},{"address":"azurerm_resource_group.rg","mode":"managed","type":"azurerm_resource_group","name":"rg","provider_name":"registry.terraform.io/hashicorp/azurerm","change":{"actions":["create"],"before":null,"after":{"location":"westeurope","name":"cr2388-RG","tags":null,"timeouts":null},"after_unknown":{"id":true}}},{"address":"azurerm_storage_account.storacc","mode":"managed","type":"azurerm_storage_account","name":"storacc","provider_name":"registry.terraform.io/hashicorp/azurerm","change":{"actions":["create"],"before":null,"after":{"account_kind":"StorageV2","account_replication_type":"LRS","account_tier":"Standard","allow_blob_public_access":false,"azure_files_authentication":[],"custom_domain":[],"enable_https_traffic_only":true,"is_hns_enabled":false,"location":"westeurope","min_tls_version":"TLS1_0","name":"cr2388tststacc","nfsv3_enabled":false,"resource_group_name":"cr2388-RG","static_website":[],"tags":null,"timeouts":null},"after_unknown":{"access_tier":true,"azure_files_authentication":[],"blob_properties":true,"custom_domain":[],"id":true,"identity":true,"large_file_share_enabled":true,"network_rules":true,"primary_access_key":true,"primary_blob_connection_string":true,"primary_blob_endpoint":true,"primary_blob_host":true,"primary_connection_string":true,"primary_dfs_endpoint":true,"primary_dfs_host":true,"primary_file_endpoint":true,"primary_file_host":true,"primary_location":true,"primary_queue_endpoint":true,"primary_queue_host":true,"primary_table_endpoint":true,"primary_table_host":true,"primary_web_endpoint":true,"primary_web_host":true,"queue_properties":true,"routing":true,"secondary_access_key":true,"secondary_blob_connection_string":true,"secondary_blob_endpoint":true,"secondary_blob_host":true,"secondary_connection_string":true,"secondary_dfs_endpoint":true,"secondary_dfs_host":true,"secondary_file_endpoint":true,"secondary_file_host":true,"secondary_location":true,"secondary_queue_endpoint":true,"secondary_queue_host":true,"secondary_table_endpoint":true,"secondary_table_host":true,"secondary_web_endpoint":true,"secondary_web_host":true,"share_properties":true,"static_website":[]}}}],"prior_state":{"format_version":"0.1","terraform_version":"0.14.6","values":{"root_module":{"resources":[{"address":"data.azurerm_client_config.current","mode":"data","type":"azurerm_client_config","name":"current","provider_name":"registry.terraform.io/hashicorp/azurerm","schema_version":0,"values":{"client_id":"04b07795-8ddb-461a-bbee-02f9e1bf7b46","id":"2021-07-29 11:02:03.409484 +0000 UTC","object_id":"ddc8b952-aa8e-4ae1-aa42-0dfdf4f15db3","subscription_id":"230613d8-3b34-4790-b650-36f31045f19a","tenant_id":"568db8f3-e402-4c09-baa9-692e42029cc7","timeouts":null}}]}}},"configuration":{"provider_config":{"azurerm":{"name":"azurerm","expressions":{"features":[{}],"subscription_id":{"constant_value":"230613d8-3b34-4790-b650-36f31045f19a"}}}},"root_module":{"resources":[{"address":"azurerm_key_vault.kv","mode":"managed","type":"azurerm_key_vault","name":"kv","provider_config_key":"azurerm","expressions":{"location":{"references":["azurerm_resource_group.rg"]},"name":{"references":["local.resource_prefix"]},"purge_protection_enabled":{"constant_value":false},"resource_group_name":{"references":["azurerm_resource_group.rg"]},"sku_name":{"constant_value":"standard"},"soft_delete_retention_days":{"constant_value":7},"tenant_id":{"references":["data.azurerm_client_config.current"]}},"schema_version":2,"raw_data":{"FileName":"main.tf","StartLine":26,"EndLine":52}},{"address":"azurerm_monitor_diagnostic_setting.example","mode":"managed","type":"azurerm_monitor_diagnostic_setting","name":"example","provider_config_key":"azurerm","expressions":{"metric":[{"category":{"constant_value":"AllMetrics"},"enabled":{"constant_value":true},"retention_policy":[{"enabled":{"constant_value":false}}]}],"name":{"constant_value":"example"},"storage_account_id":{"references":["azurerm_storage_account.storacc"]},"target_resource_id":{"references":["azurerm_key_vault.kv"]}},"schema_version":0,"raw_data":{"FileName":"main.tf","StartLine":54,"EndLine":66}},{"address":"azurerm_resource_group.rg","mode":"managed","type":"azurerm_resource_group","name":"rg","provider_config_key":"azurerm","expressions":{"location":{"constant_value":"West Europe"},"name":{"references":["local.resource_prefix"]}},"schema_version":0,"raw_data":{"FileName":"main.tf","StartLine":13,"EndLine":16}},{"address":"azurerm_storage_account.storacc","mode":"managed","type":"azurerm_storage_account","name":"storacc","provider_config_key":"azurerm","expressions":{"account_replication_type":{"constant_value":"LRS"},"account_tier":{"constant_value":"Standard"},"location":{"references":["azurerm_resource_group.rg"]},"name":{"references":["local.resource_prefix"]},"resource_group_name":{"references":["azurerm_resource_group.rg"]}},"schema_version":2,"raw_data":{"FileName":"main.tf","StartLine":18,"EndLine":24}},{"address":"data.azurerm_client_config.current","mode":"data","type":"azurerm_client_config","name":"current","provider_config_key":"azurerm","schema_version":0,"raw_data":{"FileName":"main.tf","StartLine":11,"EndLine":11}}]}}}
