{"format_version":"0.1","terraform_version":"0.12.29","planned_values":{"outputs":{"this_caller_identity_account_id":{"sensitive":false,"value":"167389268608"},"this_caller_identity_arn":{"sensitive":false,"value":"arn:aws:sts::167389268608:assumed-role/AWSReservedSSO_admin_in_develop_7b13d69800adca00/y@indeni.com"},"this_caller_identity_user_id":{"sensitive":false,"value":"AROASN6JNRKAJ56VZ6FY7:y@indeni.com"},"this_iam_account_password_policy_expire_passwords":{"sensitive":false}},"root_module":{"child_modules":[{"resources":[{"address":"module.iam_account.aws_iam_account_alias.this","mode":"managed","type":"aws_iam_account_alias","name":"this","provider_name":"aws","schema_version":0,"values":{"account_alias":"new-test-account-awesome-company"}},{"address":"module.iam_account.aws_iam_account_password_policy.this[0]","mode":"managed","type":"aws_iam_account_password_policy","name":"this","index":0,"provider_name":"aws","schema_version":0,"values":{"allow_users_to_change_password":true,"hard_expiry":false,"max_password_age":0,"minimum_password_length":6,"require_lowercase_characters":true,"require_numbers":false,"require_symbols":true,"require_uppercase_characters":true}}],"address":"module.iam_account"}]}},"resource_changes":[{"address":"module.iam_account.aws_iam_account_alias.this","module_address":"module.iam_account","mode":"managed","type":"aws_iam_account_alias","name":"this","provider_name":"aws","change":{"actions":["create"],"before":null,"after":{"account_alias":"new-test-account-awesome-company"},"after_unknown":{"id":true}}},{"address":"module.iam_account.aws_iam_account_password_policy.this[0]","module_address":"module.iam_account","mode":"managed","type":"aws_iam_account_password_policy","name":"this","index":0,"provider_name":"aws","change":{"actions":["create"],"before":null,"after":{"allow_users_to_change_password":true,"hard_expiry":false,"max_password_age":0,"minimum_password_length":6,"require_lowercase_characters":true,"require_numbers":false,"require_symbols":true,"require_uppercase_characters":true},"after_unknown":{"expire_passwords":true,"id":true,"password_reuse_prevention":true}}}],"output_changes":{"this_caller_identity_account_id":{"actions":["create"],"before":null,"after":"167389268608","after_unknown":false},"this_caller_identity_arn":{"actions":["create"],"before":null,"after":"arn:aws:sts::167389268608:assumed-role/AWSReservedSSO_admin_in_develop_7b13d69800adca00/y@indeni.com","after_unknown":false},"this_caller_identity_user_id":{"actions":["create"],"before":null,"after":"AROASN6JNRKAJ56VZ6FY7:y@indeni.com","after_unknown":false},"this_iam_account_password_policy_expire_passwords":{"actions":["create"],"before":null,"after_unknown":true}},"prior_state":{"format_version":"0.1","terraform_version":"0.12.29","values":{"outputs":{"this_caller_identity_account_id":{"sensitive":false,"value":"167389268608"}},"root_module":{"child_modules":[{"resources":[{"address":"data.aws_caller_identity.this","mode":"data","type":"aws_caller_identity","name":"this","index":0,"provider_name":"aws","schema_version":0,"values":{"account_id":"167389268608","arn":"arn:aws:sts::167389268608:assumed-role/AWSReservedSSO_admin_in_develop_7b13d69800adca00/y@indeni.com","id":"167389268608","user_id":"AROASN6JNRKAJ56VZ6FY7:y@indeni.com"}}],"address":"module.iam_account"}]}}},"configuration":{"provider_config":{"aws":{"name":"aws","expressions":{"region":{"constant_value":"eu-west-1"}}}},"root_module":{"outputs":{"this_caller_identity_account_id":{"expression":{"references":["module.iam_account.this_caller_identity_account_id"]},"description":"The ID of the AWS account"},"this_iam_account_password_policy_expire_passwords":{"expression":{"references":["module.iam_account.this_iam_account_password_policy_expire_passwords"]},"description":"Indicates whether passwords in the account expire. Returns true if max_password_age contains a value greater than 0. Returns false if it is 0 or not present."}},"module_calls":{"iam_account":{"source":"../../modules/iam-account","expressions":{"account_alias":{"constant_value":"new-test-account-awesome-company"},"minimum_password_length":{"constant_value":6},"require_numbers":{"constant_value":false}},"module":{"outputs":{"this_caller_identity_account_id":{"expression":{"references":["data.aws_caller_identity.this"]},"description":"The AWS Account ID number of the account that owns or contains the calling entity"},"this_caller_identity_arn":{"expression":{"references":["data.aws_caller_identity.this"]},"description":"The AWS ARN associated with the calling entity"},"this_caller_identity_user_id":{"expression":{"references":["data.aws_caller_identity.this"]},"description":"The unique identifier of the calling entity"},"this_iam_account_password_policy_expire_passwords":{"expression":{"references":["aws_iam_account_password_policy.this"]},"description":"Indicates whether passwords in the account expire. Returns true if max_password_age contains a value greater than 0. Returns false if it is 0 or not present."}},"resources":[{"address":"aws_iam_account_alias.this","mode":"managed","type":"aws_iam_account_alias","name":"this","provider_config_key":"iam_account:aws","expressions":{"account_alias":{"references":["var.account_alias"]}},"schema_version":0,"raw_data":{"FileName":"../../modules/iam-account/main.tf","StartLine":5,"EndLine":7}},{"address":"aws_iam_account_password_policy.this","mode":"managed","type":"aws_iam_account_password_policy","name":"this","provider_config_key":"iam_account:aws","expressions":{"allow_users_to_change_password":{"references":["var.allow_users_to_change_password"]},"hard_expiry":{"references":["var.hard_expiry"]},"max_password_age":{"references":["var.max_password_age"]},"minimum_password_length":{"references":["var.minimum_password_length"]},"password_reuse_prevention":{"references":["var.password_reuse_prevention"]},"require_lowercase_characters":{"references":["var.require_lowercase_characters"]},"require_numbers":{"references":["var.require_numbers"]},"require_symbols":{"references":["var.require_symbols"]},"require_uppercase_characters":{"references":["var.require_uppercase_characters"]}},"schema_version":0,"count_expression":{"references":["var.create_account_password_policy"]},"raw_data":{"FileName":"../../modules/iam-account/main.tf","StartLine":9,"EndLine":21}},{"address":"data.aws_caller_identity.this","mode":"data","type":"aws_caller_identity","name":"this","provider_config_key":"iam_account:aws","schema_version":0,"count_expression":{"references":["var.get_caller_identity"]},"raw_data":{"FileName":"../../modules/iam-account/main.tf","StartLine":1,"EndLine":3}}],"variables":{"account_alias":{"description":"AWS IAM account alias for this account"},"allow_users_to_change_password":{"default":true,"description":"Whether to allow users to change their own password"},"create_account_password_policy":{"default":true,"description":"Whether to create AWS IAM account password policy"},"get_caller_identity":{"default":true,"description":"Whether to get AWS account ID, User ID, and ARN in which Terraform is authorized"},"hard_expiry":{"default":false,"description":"Whether users are prevented from setting a new password after their password has expired (i.e. require administrator reset)"},"max_password_age":{"default":0,"description":"The number of days that an user password is valid."},"minimum_password_length":{"default":8,"description":"Minimum length to require for user passwords"},"password_reuse_prevention":{"default":null,"description":"The number of previous passwords that users are prevented from reusing"},"require_lowercase_characters":{"default":true,"description":"Whether to require lowercase characters for user passwords"},"require_numbers":{"default":true,"description":"Whether to require numbers for user passwords"},"require_symbols":{"default":true,"description":"Whether to require symbols for user passwords"},"require_uppercase_characters":{"default":true,"description":"Whether to require uppercase characters for user passwords"}}},"raw_data":{"FileName":"main.tf","StartLine":8,"EndLine":15}}}}}}
