{"format_version":"0.1","terraform_version":"0.13.4","planned_values":{"root_module":{"resources":[{"address":"aws_iam_group.group-1","mode":"managed","type":"aws_iam_group","name":"group-1","provider_name":"registry.terraform.io/hashicorp/aws","schema_version":0,"values":{"name":"group-1","path":"/"}},{"address":"aws_iam_group_policy.allow-policy","mode":"managed","type":"aws_iam_group_policy","name":"allow-policy","provider_name":"registry.terraform.io/hashicorp/aws","schema_version":0,"values":{"group":"group-1","name":"allow-policy","name_prefix":null,"policy":"{\n  \"Version\": \"2012-10-17\",\n  \"Statement\": [\n    {\n      \"Action\": [\n        \"iam:Create*\"\n      ],\n      \"Effect\": \"Allow\",\n      \"Resource\": \"arn:aws:iam::111111111111:group/group-1\"\n    }\n  ]\n}\n"}}]}},"resource_changes":[{"address":"aws_iam_group.group-1","mode":"managed","type":"aws_iam_group","name":"group-1","provider_name":"registry.terraform.io/hashicorp/aws","change":{"actions":["create"],"before":null,"after":{"name":"group-1","path":"/"},"after_unknown":{"arn":true,"id":true,"unique_id":true}}},{"address":"aws_iam_group_policy.allow-policy","mode":"managed","type":"aws_iam_group_policy","name":"allow-policy","provider_name":"registry.terraform.io/hashicorp/aws","change":{"actions":["create"],"before":null,"after":{"group":"group-1","name":"allow-policy","name_prefix":null,"policy":"{\n  \"Version\": \"2012-10-17\",\n  \"Statement\": [\n    {\n      \"Action\": [\n        \"iam:Create*\"\n      ],\n      \"Effect\": \"Allow\",\n      \"Resource\": \"arn:aws:iam::111111111111:group/group-1\"\n    }\n  ]\n}\n"},"after_unknown":{"id":true}}}],"configuration":{"provider_config":{"aws":{"name":"aws","expressions":{"region":{"constant_value":"us-east-1"}}}},"root_module":{"resources":[{"address":"aws_iam_group.group-1","mode":"managed","type":"aws_iam_group","name":"group-1","provider_config_key":"aws","expressions":{"name":{"constant_value":"group-1"},"path":{"constant_value":"/"}},"schema_version":0,"raw_data":{"FileName":"main.tf","StartLine":5,"EndLine":8}},{"address":"aws_iam_group_policy.allow-policy","mode":"managed","type":"aws_iam_group_policy","name":"allow-policy","provider_config_key":"aws","expressions":{"group":{"references":["aws_iam_group.group-1"]},"name":{"constant_value":"allow-policy"},"policy":{"references":["aws_iam_group.group-1"]}},"schema_version":0,"depends_on":["aws_iam_group.group-1"],"raw_data":{"FileName":"main.tf","StartLine":10,"EndLine":30}}]}}}
