{"format_version":"0.1","terraform_version":"0.15.0-rc2","planned_values":{"root_module":{"resources":[{"address":"azurerm_app_service.webapp","mode":"managed","type":"azurerm_app_service","name":"webapp","provider_name":"registry.terraform.io/hashicorp/azurerm","schema_version":0,"values":{"app_service_plan_id":"azurerm_app_service_plan.plan.id","backup":[],"client_affinity_enabled":false,"client_cert_enabled":false,"enabled":true,"https_only":false,"location":"westeurope","name":"cr2272-tls-missing-webapp","resource_group_name":"cr2272-tls-missing-RG","tags":null,"timeouts":null}},{"address":"azurerm_app_service_plan.plan","mode":"managed","type":"azurerm_app_service_plan","name":"plan","provider_name":"registry.terraform.io/hashicorp/azurerm","schema_version":0,"values":{"app_service_environment_id":null,"is_xenon":null,"kind":"Windows","location":"westeurope","name":"cr2272-tls-missing-service-plan","per_site_scaling":null,"reserved":null,"resource_group_name":"cr2272-tls-missing-RG","sku":[{"size":"F1","tier":"Free"}],"tags":null,"timeouts":null}},{"address":"azurerm_resource_group.rg","mode":"managed","type":"azurerm_resource_group","name":"rg","provider_name":"registry.terraform.io/hashicorp/azurerm","schema_version":0,"values":{"location":"westeurope","name":"cr2272-tls-missing-RG","tags":null,"timeouts":null}}]}},"resource_changes":[{"address":"azurerm_app_service.webapp","mode":"managed","type":"azurerm_app_service","name":"webapp","provider_name":"registry.terraform.io/hashicorp/azurerm","change":{"actions":["create"],"before":null,"after":{"app_service_plan_id":"azurerm_app_service_plan.plan.id","backup":[],"client_affinity_enabled":false,"client_cert_enabled":false,"enabled":true,"https_only":false,"location":"westeurope","name":"cr2272-tls-missing-webapp","resource_group_name":"cr2272-tls-missing-RG","tags":null,"timeouts":null},"after_unknown":{"app_settings":true,"auth_settings":true,"backup":[],"connection_string":true,"custom_domain_verification_id":true,"default_site_hostname":true,"id":true,"identity":true,"logs":true,"outbound_ip_address_list":true,"outbound_ip_addresses":true,"possible_outbound_ip_address_list":true,"possible_outbound_ip_addresses":true,"site_config":true,"site_credential":true,"source_control":true,"storage_account":true},"before_sensitive":false,"after_sensitive":{"app_settings":{},"auth_settings":[],"backup":[],"connection_string":[],"identity":[],"logs":[],"outbound_ip_address_list":[],"possible_outbound_ip_address_list":[],"site_config":[],"site_credential":[],"source_control":[],"storage_account":[]}}},{"address":"azurerm_app_service_plan.plan","mode":"managed","type":"azurerm_app_service_plan","name":"plan","provider_name":"registry.terraform.io/hashicorp/azurerm","change":{"actions":["create"],"before":null,"after":{"app_service_environment_id":null,"is_xenon":null,"kind":"Windows","location":"westeurope","name":"cr2272-tls-missing-service-plan","per_site_scaling":null,"reserved":null,"resource_group_name":"cr2272-tls-missing-RG","sku":[{"size":"F1","tier":"Free"}],"tags":null,"timeouts":null},"after_unknown":{"id":true,"maximum_elastic_worker_count":true,"maximum_number_of_workers":true,"sku":[{"capacity":true}]},"before_sensitive":false,"after_sensitive":{"sku":[{}]}}},{"address":"azurerm_resource_group.rg","mode":"managed","type":"azurerm_resource_group","name":"rg","provider_name":"registry.terraform.io/hashicorp/azurerm","change":{"actions":["create"],"before":null,"after":{"location":"westeurope","name":"cr2272-tls-missing-RG","tags":null,"timeouts":null},"after_unknown":{"id":true},"before_sensitive":false,"after_sensitive":{}}}],"configuration":{"provider_config":{"azurerm":{"name":"azurerm","expressions":{"features":[{}]}}},"root_module":{"resources":[{"address":"azurerm_app_service.webapp","mode":"managed","type":"azurerm_app_service","name":"webapp","provider_config_key":"azurerm","expressions":{"app_service_plan_id":{"references":["azurerm_app_service_plan.plan"]},"location":{"references":["azurerm_resource_group.rg"]},"name":{"references":["local.resource_prefix"]},"resource_group_name":{"references":["azurerm_resource_group.rg"]}},"schema_version":0,"raw_data":{"FileName":"main.tf","StartLine":28,"EndLine":33}},{"address":"azurerm_app_service_plan.plan","mode":"managed","type":"azurerm_app_service_plan","name":"plan","provider_config_key":"azurerm","expressions":{"location":{"references":["azurerm_resource_group.rg"]},"name":{"references":["local.resource_prefix"]},"resource_group_name":{"references":["azurerm_resource_group.rg"]},"sku":[{"size":{"constant_value":"F1"},"tier":{"constant_value":"Free"}}]},"schema_version":0,"raw_data":{"FileName":"main.tf","StartLine":15,"EndLine":26}},{"address":"azurerm_resource_group.rg","mode":"managed","type":"azurerm_resource_group","name":"rg","provider_config_key":"azurerm","expressions":{"location":{"constant_value":"West Europe"},"name":{"references":["local.resource_prefix"]}},"schema_version":0,"raw_data":{"FileName":"main.tf","StartLine":10,"EndLine":13}}]}}}
