{
  "format_version": "0.1",
  "terraform_version": "0.14.6",
  "planned_values": {
    "root_module": {
      "resources": [
        {
          "address": "azurerm_resource_group.rg",
          "mode": "managed",
          "type": "azurerm_resource_group",
          "name": "rg",
          "provider_name": "registry.terraform.io/hashicorp/azurerm",
          "schema_version": 0,
          "values": {
            "location": "westeurope",
            "name": "cr2493-RG",
            "tags": null,
            "timeouts": null
          }
        },
        {
          "address": "azurerm_storage_account.storacc",
          "mode": "managed",
          "type": "azurerm_storage_account",
          "name": "storacc",
          "provider_name": "registry.terraform.io/hashicorp/azurerm",
          "schema_version": 2,
          "values": {
            "account_kind": "StorageV2",
            "account_replication_type": "LRS",
            "account_tier": "Standard",
            "allow_blob_public_access": false,
            "azure_files_authentication": [],
            "custom_domain": [],
            "enable_https_traffic_only": true,
            "is_hns_enabled": false,
            "location": "westeurope",
            "min_tls_version": "TLS1_0",
            "name": "cr2493tststacc",
            "nfsv3_enabled": false,
            "resource_group_name": "cr2493-RG",
            "static_website": [],
            "tags": null,
            "timeouts": null
          }
        }
      ]
    }
  },
  "resource_changes": [
    {
      "address": "azurerm_resource_group.rg",
      "mode": "managed",
      "type": "azurerm_resource_group",
      "name": "rg",
      "provider_name": "registry.terraform.io/hashicorp/azurerm",
      "change": {
        "actions": [
          "create"
        ],
        "before": null,
        "after": {
          "location": "westeurope",
          "name": "cr2493-RG",
          "tags": null,
          "timeouts": null
        },
        "after_unknown": {
          "id": true
        }
      }
    },
    {
      "address": "azurerm_storage_account.storacc",
      "mode": "managed",
      "type": "azurerm_storage_account",
      "name": "storacc",
      "provider_name": "registry.terraform.io/hashicorp/azurerm",
      "change": {
        "actions": [
          "create"
        ],
        "before": null,
        "after": {
          "account_kind": "StorageV2",
          "account_replication_type": "LRS",
          "account_tier": "Standard",
          "allow_blob_public_access": false,
          "azure_files_authentication": [],
          "custom_domain": [],
          "enable_https_traffic_only": true,
          "is_hns_enabled": false,
          "location": "westeurope",
          "min_tls_version": "TLS1_0",
          "name": "cr2493tststacc",
          "nfsv3_enabled": false,
          "resource_group_name": "cr2493-RG",
          "static_website": [],
          "tags": null,
          "timeouts": null
        },
        "after_unknown": {
          "access_tier": true,
          "azure_files_authentication": [],
          "blob_properties": true,
          "custom_domain": [],
          "id": true,
          "identity": true,
          "large_file_share_enabled": true,
          "network_rules": true,
          "primary_access_key": true,
          "primary_blob_connection_string": true,
          "primary_blob_endpoint": true,
          "primary_blob_host": true,
          "primary_connection_string": true,
          "primary_dfs_endpoint": true,
          "primary_dfs_host": true,
          "primary_file_endpoint": true,
          "primary_file_host": true,
          "primary_location": true,
          "primary_queue_endpoint": true,
          "primary_queue_host": true,
          "primary_table_endpoint": true,
          "primary_table_host": true,
          "primary_web_endpoint": true,
          "primary_web_host": true,
          "queue_properties": true,
          "routing": true,
          "secondary_access_key": true,
          "secondary_blob_connection_string": true,
          "secondary_blob_endpoint": true,
          "secondary_blob_host": true,
          "secondary_connection_string": true,
          "secondary_dfs_endpoint": true,
          "secondary_dfs_host": true,
          "secondary_file_endpoint": true,
          "secondary_file_host": true,
          "secondary_location": true,
          "secondary_queue_endpoint": true,
          "secondary_queue_host": true,
          "secondary_table_endpoint": true,
          "secondary_table_host": true,
          "secondary_web_endpoint": true,
          "secondary_web_host": true,
          "share_properties": true,
          "static_website": []
        }
      }
    }
  ],
  "configuration": {
    "provider_config": {
      "azurerm": {
        "name": "azurerm",
        "expressions": {
          "features": [
            {}
          ]
        }
      }
    },
    "root_module": {
      "resources": [
        {
          "address": "azurerm_resource_group.rg",
          "mode": "managed",
          "type": "azurerm_resource_group",
          "name": "rg",
          "provider_config_key": "azurerm",
          "expressions": {
            "location": {
              "constant_value": "West Europe"
            },
            "name": {
              "references": [
                "local.resource_prefix"
              ]
            }
          },
          "schema_version": 0,
          "raw_data": {
            "FileName": "main.tf",
            "StartLine": 6,
            "EndLine": 9
          }
        },
        {
          "address": "azurerm_storage_account.storacc",
          "mode": "managed",
          "type": "azurerm_storage_account",
          "name": "storacc",
          "provider_config_key": "azurerm",
          "expressions": {
            "account_replication_type": {
              "constant_value": "LRS"
            },
            "account_tier": {
              "constant_value": "Standard"
            },
            "location": {
              "references": [
                "azurerm_resource_group.rg"
              ]
            },
            "name": {
              "references": [
                "local.resource_prefix"
              ]
            },
            "resource_group_name": {
              "references": [
                "azurerm_resource_group.rg"
              ]
            }
          },
          "schema_version": 2,
          "raw_data": {
            "FileName": "main.tf",
            "StartLine": 11,
            "EndLine": 18
          }
        }
      ]
    }
  }
}
