{"format_version":"0.2","terraform_version":"1.0.11","planned_values":{"root_module":{"resources":[{"address":"azurerm_app_service.webapp","mode":"managed","type":"azurerm_app_service","name":"webapp","provider_name":"registry.terraform.io/hashicorp/azurerm","schema_version":0,"values":{"backup":[],"client_affinity_enabled":false,"client_cert_enabled":false,"enabled":true,"https_only":false,"location":"westeurope","name":"cr2296php-webapp","resource_group_name":"cr2296php-RG","site_config":[{"acr_use_managed_identity_credentials":false,"acr_user_managed_identity_client_id":null,"always_on":false,"app_command_line":null,"auto_swap_slot_name":null,"default_documents":null,"dotnet_framework_version":"v4.0","health_check_path":null,"http2_enabled":false,"java_container":null,"java_container_version":null,"java_version":null,"linux_fx_version":"PHP|7.4","php_version":null,"python_version":null,"remote_debugging_enabled":false,"scm_use_main_ip_restriction":false,"use_32_bit_worker_process":true}],"tags":null,"timeouts":null},"sensitive_values":{"app_settings":{},"auth_settings":[],"backup":[],"connection_string":[],"identity":[],"logs":[],"outbound_ip_address_list":[],"possible_outbound_ip_address_list":[],"site_config":[{"cors":[],"ip_restriction":[],"scm_ip_restriction":[]}],"site_credential":[],"source_control":[],"storage_account":[]}},{"address":"azurerm_app_service_plan.plan","mode":"managed","type":"azurerm_app_service_plan","name":"plan","provider_name":"registry.terraform.io/hashicorp/azurerm","schema_version":0,"values":{"app_service_environment_id":null,"is_xenon":null,"kind":"Linux","location":"westeurope","name":"cr2296php-service-plan","per_site_scaling":null,"reserved":true,"resource_group_name":"cr2296php-RG","sku":[{"size":"F1","tier":"Free"}],"tags":null,"timeouts":null,"zone_redundant":null},"sensitive_values":{"sku":[{}]}},{"address":"azurerm_resource_group.rg","mode":"managed","type":"azurerm_resource_group","name":"rg","provider_name":"registry.terraform.io/hashicorp/azurerm","schema_version":0,"values":{"location":"westeurope","name":"cr2296php-RG","tags":null,"timeouts":null},"sensitive_values":{}}]}},"resource_changes":[{"address":"azurerm_app_service.webapp","mode":"managed","type":"azurerm_app_service","name":"webapp","provider_name":"registry.terraform.io/hashicorp/azurerm","change":{"actions":["create"],"before":null,"after":{"backup":[],"client_affinity_enabled":false,"client_cert_enabled":false,"enabled":true,"https_only":false,"location":"westeurope","name":"cr2296php-webapp","resource_group_name":"cr2296php-RG","site_config":[{"acr_use_managed_identity_credentials":false,"acr_user_managed_identity_client_id":null,"always_on":false,"app_command_line":null,"auto_swap_slot_name":null,"default_documents":null,"dotnet_framework_version":"v4.0","health_check_path":null,"http2_enabled":false,"java_container":null,"java_container_version":null,"java_version":null,"linux_fx_version":"PHP|7.4","php_version":null,"python_version":null,"remote_debugging_enabled":false,"scm_use_main_ip_restriction":false,"use_32_bit_worker_process":true}],"tags":null,"timeouts":null},"after_unknown":{"app_service_plan_id":true,"app_settings":true,"auth_settings":true,"backup":[],"client_cert_mode":true,"connection_string":true,"custom_domain_verification_id":true,"default_site_hostname":true,"id":true,"identity":true,"key_vault_reference_identity_id":true,"logs":true,"outbound_ip_address_list":true,"outbound_ip_addresses":true,"possible_outbound_ip_address_list":true,"possible_outbound_ip_addresses":true,"site_config":[{"cors":true,"ftps_state":true,"ip_restriction":true,"local_mysql_enabled":true,"managed_pipeline_mode":true,"min_tls_version":true,"number_of_workers":true,"remote_debugging_version":true,"scm_ip_restriction":true,"scm_type":true,"vnet_route_all_enabled":true,"websockets_enabled":true,"windows_fx_version":true}],"site_credential":true,"source_control":true,"storage_account":true},"before_sensitive":false,"after_sensitive":{"app_settings":{},"auth_settings":[],"backup":[],"connection_string":[],"identity":[],"logs":[],"outbound_ip_address_list":[],"possible_outbound_ip_address_list":[],"site_config":[{"cors":[],"ip_restriction":[],"scm_ip_restriction":[]}],"site_credential":[],"source_control":[],"storage_account":[]}}},{"address":"azurerm_app_service_plan.plan","mode":"managed","type":"azurerm_app_service_plan","name":"plan","provider_name":"registry.terraform.io/hashicorp/azurerm","change":{"actions":["create"],"before":null,"after":{"app_service_environment_id":null,"is_xenon":null,"kind":"Linux","location":"westeurope","name":"cr2296php-service-plan","per_site_scaling":null,"reserved":true,"resource_group_name":"cr2296php-RG","sku":[{"size":"F1","tier":"Free"}],"tags":null,"timeouts":null,"zone_redundant":null},"after_unknown":{"id":true,"maximum_elastic_worker_count":true,"maximum_number_of_workers":true,"sku":[{"capacity":true}]},"before_sensitive":false,"after_sensitive":{"sku":[{}]}}},{"address":"azurerm_resource_group.rg","mode":"managed","type":"azurerm_resource_group","name":"rg","provider_name":"registry.terraform.io/hashicorp/azurerm","change":{"actions":["create"],"before":null,"after":{"location":"westeurope","name":"cr2296php-RG","tags":null,"timeouts":null},"after_unknown":{"id":true},"before_sensitive":false,"after_sensitive":{}}}],"configuration":{"provider_config":{"azurerm":{"name":"azurerm","expressions":{"features":[{}],"subscription_id":{"constant_value":"230613d8-3b34-4790-b650-36f31045f19a"}}}},"root_module":{"resources":[{"address":"azurerm_app_service.webapp","mode":"managed","type":"azurerm_app_service","name":"webapp","provider_config_key":"azurerm","expressions":{"app_service_plan_id":{"references":["azurerm_app_service_plan.plan.id","azurerm_app_service_plan.plan"]},"location":{"references":["azurerm_resource_group.rg.location","azurerm_resource_group.rg"]},"name":{"references":["local.resource_prefix"]},"resource_group_name":{"references":["azurerm_resource_group.rg.name","azurerm_resource_group.rg"]},"site_config":[{"linux_fx_version":{"constant_value":"PHP|7.4"},"use_32_bit_worker_process":{"constant_value":true}}]},"schema_version":0},{"address":"azurerm_app_service_plan.plan","mode":"managed","type":"azurerm_app_service_plan","name":"plan","provider_config_key":"azurerm","expressions":{"kind":{"constant_value":"Linux"},"location":{"references":["azurerm_resource_group.rg.location","azurerm_resource_group.rg"]},"name":{"references":["local.resource_prefix"]},"reserved":{"constant_value":true},"resource_group_name":{"references":["azurerm_resource_group.rg.name","azurerm_resource_group.rg"]},"sku":[{"size":{"constant_value":"F1"},"tier":{"constant_value":"Free"}}]},"schema_version":0},{"address":"azurerm_resource_group.rg","mode":"managed","type":"azurerm_resource_group","name":"rg","provider_config_key":"azurerm","expressions":{"location":{"constant_value":"West Europe"},"name":{"references":["local.resource_prefix"]}},"schema_version":0}]}}}
