{"format_version":"0.1","terraform_version":"0.14.6","planned_values":{"root_module":{"resources":[{"address":"azurerm_key_vault.kv","mode":"managed","type":"azurerm_key_vault","name":"kv","provider_name":"registry.terraform.io/hashicorp/azurerm","schema_version":2,"values":{"access_policy":[{"application_id":null,"certificate_permissions":null,"key_permissions":["Get","List","create","delete"],"object_id":"ddc8b952-aa8e-4ae1-aa42-0dfdf4f15db3","secret_permissions":["Get","List","set"],"storage_permissions":["Get"],"tenant_id":"568db8f3-e402-4c09-baa9-692e42029cc7"}],"contact":[],"enable_rbac_authorization":null,"enabled_for_deployment":null,"enabled_for_disk_encryption":null,"enabled_for_template_deployment":null,"location":"westeurope","name":"cr24041-keyvault","purge_protection_enabled":null,"resource_group_name":"cr24041-RG","sku_name":"standard","soft_delete_retention_days":7,"tags":null,"tenant_id":"568db8f3-e402-4c09-baa9-692e42029cc7","timeouts":null}},{"address":"azurerm_resource_group.rg","mode":"managed","type":"azurerm_resource_group","name":"rg","provider_name":"registry.terraform.io/hashicorp/azurerm","schema_version":0,"values":{"location":"westeurope","name":"cr24041-RG","tags":null,"timeouts":null}}]}},"resource_changes":[{"address":"azurerm_key_vault.kv","mode":"managed","type":"azurerm_key_vault","name":"kv","provider_name":"registry.terraform.io/hashicorp/azurerm","change":{"actions":["create"],"before":null,"after":{"access_policy":[{"application_id":null,"certificate_permissions":null,"key_permissions":["Get","List","create","delete"],"object_id":"ddc8b952-aa8e-4ae1-aa42-0dfdf4f15db3","secret_permissions":["Get","List","set"],"storage_permissions":["Get"],"tenant_id":"568db8f3-e402-4c09-baa9-692e42029cc7"}],"contact":[],"enable_rbac_authorization":null,"enabled_for_deployment":null,"enabled_for_disk_encryption":null,"enabled_for_template_deployment":null,"location":"westeurope","name":"cr24041-keyvault","purge_protection_enabled":null,"resource_group_name":"cr24041-RG","sku_name":"standard","soft_delete_retention_days":7,"tags":null,"tenant_id":"568db8f3-e402-4c09-baa9-692e42029cc7","timeouts":null},"after_unknown":{"access_policy":[{"key_permissions":[false,false,false,false],"secret_permissions":[false,false,false],"storage_permissions":[false]}],"contact":[],"id":true,"network_acls":true,"soft_delete_enabled":true,"vault_uri":true}}},{"address":"azurerm_resource_group.rg","mode":"managed","type":"azurerm_resource_group","name":"rg","provider_name":"registry.terraform.io/hashicorp/azurerm","change":{"actions":["create"],"before":null,"after":{"location":"westeurope","name":"cr24041-RG","tags":null,"timeouts":null},"after_unknown":{"id":true}}}],"prior_state":{"format_version":"0.1","terraform_version":"0.14.6","values":{"root_module":{"resources":[{"address":"data.azurerm_client_config.current","mode":"data","type":"azurerm_client_config","name":"current","provider_name":"registry.terraform.io/hashicorp/azurerm","schema_version":0,"values":{"client_id":"04b07795-8ddb-461a-bbee-02f9e1bf7b46","id":"2021-07-29 13:22:04.439783 +0000 UTC","object_id":"ddc8b952-aa8e-4ae1-aa42-0dfdf4f15db3","subscription_id":"230613d8-3b34-4790-b650-36f31045f19a","tenant_id":"568db8f3-e402-4c09-baa9-692e42029cc7","timeouts":null}}]}}},"configuration":{"provider_config":{"azurerm":{"name":"azurerm","expressions":{"features":[{}]}}},"root_module":{"resources":[{"address":"azurerm_key_vault.kv","mode":"managed","type":"azurerm_key_vault","name":"kv","provider_config_key":"azurerm","expressions":{"location":{"references":["azurerm_resource_group.rg"]},"name":{"references":["local.resource_prefix"]},"resource_group_name":{"references":["azurerm_resource_group.rg"]},"sku_name":{"constant_value":"standard"},"soft_delete_retention_days":{"constant_value":7},"tenant_id":{"references":["data.azurerm_client_config.current"]}},"schema_version":2,"raw_data":{"FileName":"main.tf","StartLine":14,"EndLine":39}},{"address":"azurerm_resource_group.rg","mode":"managed","type":"azurerm_resource_group","name":"rg","provider_config_key":"azurerm","expressions":{"location":{"constant_value":"West Europe"},"name":{"references":["local.resource_prefix"]}},"schema_version":0,"raw_data":{"FileName":"main.tf","StartLine":9,"EndLine":12}},{"address":"data.azurerm_client_config.current","mode":"data","type":"azurerm_client_config","name":"current","provider_config_key":"azurerm","schema_version":0,"raw_data":{"FileName":"main.tf","StartLine":7,"EndLine":7}}]}}}
