{"format_version":"0.1","terraform_version":"0.14.6","planned_values":{"root_module":{"resources":[{"address":"google_compute_network.network-1","mode":"managed","type":"google_compute_network","name":"network-1","provider_name":"registry.terraform.io/hashicorp/google","schema_version":0,"values":{"auto_create_subnetworks":false,"delete_default_routes_on_create":false,"description":null,"name":"network-1","timeouts":null}},{"address":"google_compute_network.network-2","mode":"managed","type":"google_compute_network","name":"network-2","provider_name":"registry.terraform.io/hashicorp/google","schema_version":0,"values":{"auto_create_subnetworks":false,"delete_default_routes_on_create":false,"description":null,"name":"network-2","timeouts":null}},{"address":"google_dns_managed_zone.example-zone","mode":"managed","type":"google_dns_managed_zone","name":"example-zone","provider_name":"registry.terraform.io/hashicorp/google","schema_version":0,"values":{"description":"Private DNS Zone without DNSSEC","dns_name":"example-0000.com.","dnssec_config":[],"force_destroy":false,"forwarding_config":[],"labels":null,"name":"example-zone","peering_config":[],"private_visibility_config":[{"networks":[{"network_url":"google_compute_network.network-1.id"},{"network_url":"google_compute_network.network-2.id"}]}],"timeouts":null,"visibility":"private"}}]}},"resource_changes":[{"address":"google_compute_network.network-1","mode":"managed","type":"google_compute_network","name":"network-1","provider_name":"registry.terraform.io/hashicorp/google","change":{"actions":["create"],"before":null,"after":{"auto_create_subnetworks":false,"delete_default_routes_on_create":false,"description":null,"name":"network-1","timeouts":null},"after_unknown":{"gateway_ipv4":true,"id":true,"mtu":true,"project":true,"routing_mode":true,"self_link":true}}},{"address":"google_compute_network.network-2","mode":"managed","type":"google_compute_network","name":"network-2","provider_name":"registry.terraform.io/hashicorp/google","change":{"actions":["create"],"before":null,"after":{"auto_create_subnetworks":false,"delete_default_routes_on_create":false,"description":null,"name":"network-2","timeouts":null},"after_unknown":{"gateway_ipv4":true,"id":true,"mtu":true,"project":true,"routing_mode":true,"self_link":true}}},{"address":"google_dns_managed_zone.example-zone","mode":"managed","type":"google_dns_managed_zone","name":"example-zone","provider_name":"registry.terraform.io/hashicorp/google","change":{"actions":["create"],"before":null,"after":{"description":"Private DNS Zone without DNSSEC","dns_name":"example-0000.com.","dnssec_config":[],"force_destroy":false,"forwarding_config":[],"labels":null,"name":"example-zone","peering_config":[],"private_visibility_config":[{"networks":[{"network_url":"google_compute_network.network-1.id"},{"network_url":"google_compute_network.network-2.id"}]}],"timeouts":null,"visibility":"private"},"after_unknown":{"dnssec_config":[],"forwarding_config":[],"id":true,"name_servers":true,"peering_config":[],"private_visibility_config":[{"networks":[{},{}]}],"project":true}}}],"configuration":{"provider_config":{"google":{"name":"google","expressions":{"project":{"constant_value":"dev-for-tests"},"region":{"constant_value":"us-west1"}}}},"root_module":{"resources":[{"address":"google_compute_network.network-1","mode":"managed","type":"google_compute_network","name":"network-1","provider_config_key":"google","expressions":{"auto_create_subnetworks":{"constant_value":false},"name":{"constant_value":"network-1"}},"schema_version":0,"raw_data":{"FileName":"main.tf","StartLine":22,"EndLine":25}},{"address":"google_compute_network.network-2","mode":"managed","type":"google_compute_network","name":"network-2","provider_config_key":"google","expressions":{"auto_create_subnetworks":{"constant_value":false},"name":{"constant_value":"network-2"}},"schema_version":0,"raw_data":{"FileName":"main.tf","StartLine":27,"EndLine":30}},{"address":"google_dns_managed_zone.example-zone","mode":"managed","type":"google_dns_managed_zone","name":"example-zone","provider_config_key":"google","expressions":{"description":{"constant_value":"Private DNS Zone without DNSSEC"},"dns_name":{"constant_value":"example-0000.com."},"name":{"constant_value":"example-zone"},"private_visibility_config":[{"networks":[{"network_url":{"references":["google_compute_network.network-1"]}},{"network_url":{"references":["google_compute_network.network-2"]}}]}],"visibility":{"constant_value":"private"}},"schema_version":0,"raw_data":{"FileName":"main.tf","StartLine":6,"EndLine":20}}]}}}
