{"format_version":"0.1","terraform_version":"0.13.4","planned_values":{"root_module":{"resources":[{"address":"azurerm_app_service.webapp","mode":"managed","type":"azurerm_app_service","name":"webapp","provider_name":"registry.terraform.io/hashicorp/azurerm","schema_version":0,"values":{"app_service_plan_id":"azurerm_app_service_plan.plan.id","auth_settings":[{"active_directory":[],"additional_login_params":null,"allowed_external_redirect_urls":null,"default_provider":null,"enabled":false,"facebook":[],"google":[],"issuer":null,"microsoft":[],"runtime_version":null,"token_refresh_extension_hours":72,"token_store_enabled":false,"twitter":[],"unauthenticated_client_action":null}],"backup":[],"client_affinity_enabled":false,"client_cert_enabled":false,"enabled":true,"https_only":false,"location":"westeurope","name":"cr2152wa2a-webapp","resource_group_name":"cr2152wa2a-RG","site_config":[{"always_on":false,"app_command_line":null,"auto_swap_slot_name":null,"default_documents":null,"dotnet_framework_version":"v4.0","health_check_path":null,"http2_enabled":false,"java_container":null,"java_container_version":null,"java_version":null,"php_version":null,"python_version":null,"remote_debugging_enabled":false,"scm_use_main_ip_restriction":false,"use_32_bit_worker_process":true}],"tags":null,"timeouts":null}},{"address":"azurerm_app_service_plan.plan","mode":"managed","type":"azurerm_app_service_plan","name":"plan","provider_name":"registry.terraform.io/hashicorp/azurerm","schema_version":0,"values":{"app_service_environment_id":null,"is_xenon":null,"kind":"Windows","location":"westeurope","name":"cr2152wa2a-service-plan","per_site_scaling":null,"reserved":null,"resource_group_name":"cr2152wa2a-RG","sku":[{"size":"F1","tier":"Free"}],"tags":null,"timeouts":null}},{"address":"azurerm_resource_group.rg","mode":"managed","type":"azurerm_resource_group","name":"rg","provider_name":"registry.terraform.io/hashicorp/azurerm","schema_version":0,"values":{"location":"westeurope","name":"cr2152wa2a-RG","tags":null,"timeouts":null}}]}},"resource_changes":[{"address":"azurerm_app_service.webapp","mode":"managed","type":"azurerm_app_service","name":"webapp","provider_name":"registry.terraform.io/hashicorp/azurerm","change":{"actions":["create"],"before":null,"after":{"app_service_plan_id":"azurerm_app_service_plan.plan.id","auth_settings":[{"active_directory":[],"additional_login_params":null,"allowed_external_redirect_urls":null,"default_provider":null,"enabled":false,"facebook":[],"google":[],"issuer":null,"microsoft":[],"runtime_version":null,"token_refresh_extension_hours":72,"token_store_enabled":false,"twitter":[],"unauthenticated_client_action":null}],"backup":[],"client_affinity_enabled":false,"client_cert_enabled":false,"enabled":true,"https_only":false,"location":"westeurope","name":"cr2152wa2a-webapp","resource_group_name":"cr2152wa2a-RG","site_config":[{"always_on":false,"app_command_line":null,"auto_swap_slot_name":null,"default_documents":null,"dotnet_framework_version":"v4.0","health_check_path":null,"http2_enabled":false,"java_container":null,"java_container_version":null,"java_version":null,"php_version":null,"python_version":null,"remote_debugging_enabled":false,"scm_use_main_ip_restriction":false,"use_32_bit_worker_process":true}],"tags":null,"timeouts":null},"after_unknown":{"app_settings":true,"auth_settings":[{"active_directory":[],"facebook":[],"google":[],"microsoft":[],"twitter":[]}],"backup":[],"connection_string":true,"custom_domain_verification_id":true,"default_site_hostname":true,"id":true,"identity":true,"logs":true,"outbound_ip_address_list":true,"outbound_ip_addresses":true,"possible_outbound_ip_address_list":true,"possible_outbound_ip_addresses":true,"site_config":[{"cors":true,"ftps_state":true,"ip_restriction":true,"linux_fx_version":true,"local_mysql_enabled":true,"managed_pipeline_mode":true,"min_tls_version":true,"number_of_workers":true,"remote_debugging_version":true,"scm_ip_restriction":true,"scm_type":true,"websockets_enabled":true,"windows_fx_version":true}],"site_credential":true,"source_control":true,"storage_account":true}}},{"address":"azurerm_app_service_plan.plan","mode":"managed","type":"azurerm_app_service_plan","name":"plan","provider_name":"registry.terraform.io/hashicorp/azurerm","change":{"actions":["create"],"before":null,"after":{"app_service_environment_id":null,"is_xenon":null,"kind":"Windows","location":"westeurope","name":"cr2152wa2a-service-plan","per_site_scaling":null,"reserved":null,"resource_group_name":"cr2152wa2a-RG","sku":[{"size":"F1","tier":"Free"}],"tags":null,"timeouts":null},"after_unknown":{"id":true,"maximum_elastic_worker_count":true,"maximum_number_of_workers":true,"sku":[{"capacity":true}]}}},{"address":"azurerm_resource_group.rg","mode":"managed","type":"azurerm_resource_group","name":"rg","provider_name":"registry.terraform.io/hashicorp/azurerm","change":{"actions":["create"],"before":null,"after":{"location":"westeurope","name":"cr2152wa2a-RG","tags":null,"timeouts":null},"after_unknown":{"id":true}}}],"configuration":{"provider_config":{"azurerm":{"name":"azurerm","expressions":{"features":[{}]}}},"root_module":{"resources":[{"address":"azurerm_app_service.webapp","mode":"managed","type":"azurerm_app_service","name":"webapp","provider_config_key":"azurerm","expressions":{"app_service_plan_id":{"references":["azurerm_app_service_plan.plan"]},"auth_settings":[{"enabled":{"constant_value":false}}],"location":{"references":["azurerm_resource_group.rg"]},"name":{"references":["local.resource_prefix"]},"resource_group_name":{"references":["azurerm_resource_group.rg"]},"site_config":[{"use_32_bit_worker_process":{"constant_value":true}}]},"schema_version":0,"raw_data":{"FileName":"main.tf","StartLine":36,"EndLine":49}},{"address":"azurerm_app_service_plan.plan","mode":"managed","type":"azurerm_app_service_plan","name":"plan","provider_config_key":"azurerm","expressions":{"location":{"references":["azurerm_resource_group.rg"]},"name":{"references":["local.resource_prefix"]},"resource_group_name":{"references":["azurerm_resource_group.rg"]},"sku":[{"size":{"constant_value":"F1"},"tier":{"constant_value":"Free"}}]},"schema_version":0,"raw_data":{"FileName":"main.tf","StartLine":23,"EndLine":34}},{"address":"azurerm_resource_group.rg","mode":"managed","type":"azurerm_resource_group","name":"rg","provider_config_key":"azurerm","expressions":{"location":{"constant_value":"West Europe"},"name":{"references":["local.resource_prefix"]}},"schema_version":0,"raw_data":{"FileName":"main.tf","StartLine":18,"EndLine":21}}]}}}
