{"format_version":"0.1","terraform_version":"0.12.29","planned_values":{"root_module":{"resources":[{"address":"aws_ami.example","mode":"managed","type":"aws_ami","name":"example","provider_name":"aws","schema_version":0,"values":{"architecture":"x86_64","description":null,"ebs_block_device":[{"delete_on_termination":true,"device_name":"/dev/xvda","encrypted":null,"iops":null,"snapshot_id":"aws_ebs_snapshot.example_snapshot.id","volume_size":40,"volume_type":"standard"}],"ena_support":true,"kernel_id":null,"name":"terraform-example","ramdisk_id":null,"root_device_name":"/dev/xvda","sriov_net_support":"simple","tags":null,"timeouts":null,"virtualization_type":"hvm"}},{"address":"aws_ami_copy.example","mode":"managed","type":"aws_ami_copy","name":"example","provider_name":"aws","schema_version":0,"values":{"description":"A copy of ubuntu ami","encrypted":false,"name":"terraform-example2","source_ami_id":"ami-074a777d5cae10210","source_ami_region":"us-east-1","tags":{"Name":"HelloWorld"},"timeouts":null}},{"address":"aws_ami_from_instance.example","mode":"managed","type":"aws_ami_from_instance","name":"example","provider_name":"aws","schema_version":0,"values":{"description":null,"name":"terraform-example3","snapshot_without_reboot":null,"source_instance_id":"aws_instance.example_with_copied_ami.id","tags":null,"timeouts":null}},{"address":"aws_ebs_snapshot.example_snapshot","mode":"managed","type":"aws_ebs_snapshot","name":"example_snapshot","provider_name":"aws","schema_version":0,"values":{"description":null,"tags":{"Name":"HelloWorld_snap"},"timeouts":null,"volume_id":"aws_ebs_volume.example.id"}},{"address":"aws_ebs_volume.example","mode":"managed","type":"aws_ebs_volume","name":"example","provider_name":"aws","schema_version":0,"values":{"availability_zone":"us-east-1a","multi_attach_enabled":null,"outpost_arn":null,"size":40,"tags":{"Name":"HelloWorld"}}},{"address":"aws_instance.example_with_ami_from_instance","mode":"managed","type":"aws_instance","name":"example_with_ami_from_instance","provider_name":"aws","schema_version":1,"values":{"ami":"aws_ami_from_instance.example.id","credit_specification":[],"disable_api_termination":null,"ebs_optimized":null,"get_password_data":false,"hibernation":null,"iam_instance_profile":null,"instance_initiated_shutdown_behavior":null,"instance_type":"t3.nano","monitoring":null,"source_dest_check":true,"tags":null,"timeouts":null,"user_data":null,"user_data_base64":null}},{"address":"aws_instance.example_with_copied_ami","mode":"managed","type":"aws_instance","name":"example_with_copied_ami","provider_name":"aws","schema_version":1,"values":{"ami":"aws_ami_copy.example.id","credit_specification":[],"disable_api_termination":null,"ebs_optimized":null,"get_password_data":false,"hibernation":null,"iam_instance_profile":null,"instance_initiated_shutdown_behavior":null,"instance_type":"t3.nano","monitoring":null,"source_dest_check":true,"tags":null,"timeouts":null,"user_data":null,"user_data_base64":null}},{"address":"aws_instance.example_with_new_ami","mode":"managed","type":"aws_instance","name":"example_with_new_ami","provider_name":"aws","schema_version":1,"values":{"ami":"aws_ami.example.id","credit_specification":[],"disable_api_termination":null,"ebs_optimized":null,"get_password_data":false,"hibernation":null,"iam_instance_profile":null,"instance_initiated_shutdown_behavior":null,"instance_type":"t3.nano","monitoring":null,"source_dest_check":true,"tags":null,"timeouts":null,"user_data":null,"user_data_base64":null}},{"address":"aws_instance.public-ubuntu-from-data","mode":"managed","type":"aws_instance","name":"public-ubuntu-from-data","provider_name":"aws","schema_version":1,"values":{"ami":"ami-074a777d5cae10210","credit_specification":[],"disable_api_termination":null,"ebs_optimized":null,"get_password_data":false,"hibernation":null,"iam_instance_profile":null,"instance_initiated_shutdown_behavior":null,"instance_type":"t2.micro","monitoring":null,"source_dest_check":true,"tags":{"Name":"public-ubuntu-from-data"},"timeouts":null,"user_data":null,"user_data_base64":null}}]}},"resource_changes":[{"address":"aws_ami.example","mode":"managed","type":"aws_ami","name":"example","provider_name":"aws","change":{"actions":["create"],"before":null,"after":{"architecture":"x86_64","description":null,"ebs_block_device":[{"delete_on_termination":true,"device_name":"/dev/xvda","encrypted":null,"iops":null,"snapshot_id":"aws_ebs_snapshot.example_snapshot.id","volume_size":40,"volume_type":"standard"}],"ena_support":true,"kernel_id":null,"name":"terraform-example","ramdisk_id":null,"root_device_name":"/dev/xvda","sriov_net_support":"simple","tags":null,"timeouts":null,"virtualization_type":"hvm"},"after_unknown":{"arn":true,"ebs_block_device":[{}],"ephemeral_block_device":true,"id":true,"image_location":true,"manage_ebs_snapshots":true,"root_snapshot_id":true}}},{"address":"aws_ami_copy.example","mode":"managed","type":"aws_ami_copy","name":"example","provider_name":"aws","change":{"actions":["create"],"before":null,"after":{"description":"A copy of ubuntu ami","encrypted":false,"name":"terraform-example2","source_ami_id":"ami-074a777d5cae10210","source_ami_region":"us-east-1","tags":{"Name":"HelloWorld"},"timeouts":null},"after_unknown":{"architecture":true,"arn":true,"ebs_block_device":true,"ena_support":true,"ephemeral_block_device":true,"id":true,"image_location":true,"kernel_id":true,"kms_key_id":true,"manage_ebs_snapshots":true,"ramdisk_id":true,"root_device_name":true,"root_snapshot_id":true,"sriov_net_support":true,"tags":{},"virtualization_type":true}}},{"address":"aws_ami_from_instance.example","mode":"managed","type":"aws_ami_from_instance","name":"example","provider_name":"aws","change":{"actions":["create"],"before":null,"after":{"description":null,"name":"terraform-example3","snapshot_without_reboot":null,"source_instance_id":"aws_instance.example_with_copied_ami.id","tags":null,"timeouts":null},"after_unknown":{"architecture":true,"arn":true,"ebs_block_device":true,"ena_support":true,"ephemeral_block_device":true,"id":true,"image_location":true,"kernel_id":true,"manage_ebs_snapshots":true,"ramdisk_id":true,"root_device_name":true,"root_snapshot_id":true,"sriov_net_support":true,"virtualization_type":true}}},{"address":"aws_ebs_snapshot.example_snapshot","mode":"managed","type":"aws_ebs_snapshot","name":"example_snapshot","provider_name":"aws","change":{"actions":["create"],"before":null,"after":{"description":null,"tags":{"Name":"HelloWorld_snap"},"timeouts":null,"volume_id":"aws_ebs_volume.example.id"},"after_unknown":{"arn":true,"data_encryption_key_id":true,"encrypted":true,"id":true,"kms_key_id":true,"owner_alias":true,"owner_id":true,"tags":{},"volume_size":true}}},{"address":"aws_ebs_volume.example","mode":"managed","type":"aws_ebs_volume","name":"example","provider_name":"aws","change":{"actions":["create"],"before":null,"after":{"availability_zone":"us-east-1a","multi_attach_enabled":null,"outpost_arn":null,"size":40,"tags":{"Name":"HelloWorld"}},"after_unknown":{"arn":true,"encrypted":true,"id":true,"iops":true,"kms_key_id":true,"snapshot_id":true,"tags":{},"type":true}}},{"address":"aws_instance.example_with_ami_from_instance","mode":"managed","type":"aws_instance","name":"example_with_ami_from_instance","provider_name":"aws","change":{"actions":["create"],"before":null,"after":{"ami":"aws_ami_from_instance.example.id","credit_specification":[],"disable_api_termination":null,"ebs_optimized":null,"get_password_data":false,"hibernation":null,"iam_instance_profile":null,"instance_initiated_shutdown_behavior":null,"instance_type":"t3.nano","monitoring":null,"source_dest_check":true,"tags":null,"timeouts":null,"user_data":null,"user_data_base64":null},"after_unknown":{"arn":true,"associate_public_ip_address":true,"availability_zone":true,"cpu_core_count":true,"cpu_threads_per_core":true,"credit_specification":[],"ebs_block_device":true,"ephemeral_block_device":true,"host_id":true,"id":true,"instance_state":true,"ipv6_address_count":true,"ipv6_addresses":true,"key_name":true,"metadata_options":true,"network_interface":true,"outpost_arn":true,"password_data":true,"placement_group":true,"primary_network_interface_id":true,"private_dns":true,"private_ip":true,"public_dns":true,"public_ip":true,"root_block_device":true,"secondary_private_ips":true,"security_groups":true,"subnet_id":true,"tenancy":true,"volume_tags":true,"vpc_security_group_ids":true}}},{"address":"aws_instance.example_with_copied_ami","mode":"managed","type":"aws_instance","name":"example_with_copied_ami","provider_name":"aws","change":{"actions":["create"],"before":null,"after":{"ami":"aws_ami_copy.example.id","credit_specification":[],"disable_api_termination":null,"ebs_optimized":null,"get_password_data":false,"hibernation":null,"iam_instance_profile":null,"instance_initiated_shutdown_behavior":null,"instance_type":"t3.nano","monitoring":null,"source_dest_check":true,"tags":null,"timeouts":null,"user_data":null,"user_data_base64":null},"after_unknown":{"arn":true,"associate_public_ip_address":true,"availability_zone":true,"cpu_core_count":true,"cpu_threads_per_core":true,"credit_specification":[],"ebs_block_device":true,"ephemeral_block_device":true,"host_id":true,"id":true,"instance_state":true,"ipv6_address_count":true,"ipv6_addresses":true,"key_name":true,"metadata_options":true,"network_interface":true,"outpost_arn":true,"password_data":true,"placement_group":true,"primary_network_interface_id":true,"private_dns":true,"private_ip":true,"public_dns":true,"public_ip":true,"root_block_device":true,"secondary_private_ips":true,"security_groups":true,"subnet_id":true,"tenancy":true,"volume_tags":true,"vpc_security_group_ids":true}}},{"address":"aws_instance.example_with_new_ami","mode":"managed","type":"aws_instance","name":"example_with_new_ami","provider_name":"aws","change":{"actions":["create"],"before":null,"after":{"ami":"aws_ami.example.id","credit_specification":[],"disable_api_termination":null,"ebs_optimized":null,"get_password_data":false,"hibernation":null,"iam_instance_profile":null,"instance_initiated_shutdown_behavior":null,"instance_type":"t3.nano","monitoring":null,"source_dest_check":true,"tags":null,"timeouts":null,"user_data":null,"user_data_base64":null},"after_unknown":{"arn":true,"associate_public_ip_address":true,"availability_zone":true,"cpu_core_count":true,"cpu_threads_per_core":true,"credit_specification":[],"ebs_block_device":true,"ephemeral_block_device":true,"host_id":true,"id":true,"instance_state":true,"ipv6_address_count":true,"ipv6_addresses":true,"key_name":true,"metadata_options":true,"network_interface":true,"outpost_arn":true,"password_data":true,"placement_group":true,"primary_network_interface_id":true,"private_dns":true,"private_ip":true,"public_dns":true,"public_ip":true,"root_block_device":true,"secondary_private_ips":true,"security_groups":true,"subnet_id":true,"tenancy":true,"volume_tags":true,"vpc_security_group_ids":true}}},{"address":"aws_instance.public-ubuntu-from-data","mode":"managed","type":"aws_instance","name":"public-ubuntu-from-data","provider_name":"aws","change":{"actions":["create"],"before":null,"after":{"ami":"ami-074a777d5cae10210","credit_specification":[],"disable_api_termination":null,"ebs_optimized":null,"get_password_data":false,"hibernation":null,"iam_instance_profile":null,"instance_initiated_shutdown_behavior":null,"instance_type":"t2.micro","monitoring":null,"source_dest_check":true,"tags":{"Name":"public-ubuntu-from-data"},"timeouts":null,"user_data":null,"user_data_base64":null},"after_unknown":{"arn":true,"associate_public_ip_address":true,"availability_zone":true,"cpu_core_count":true,"cpu_threads_per_core":true,"credit_specification":[],"ebs_block_device":true,"ephemeral_block_device":true,"host_id":true,"id":true,"instance_state":true,"ipv6_address_count":true,"ipv6_addresses":true,"key_name":true,"metadata_options":true,"network_interface":true,"outpost_arn":true,"password_data":true,"placement_group":true,"primary_network_interface_id":true,"private_dns":true,"private_ip":true,"public_dns":true,"public_ip":true,"root_block_device":true,"secondary_private_ips":true,"security_groups":true,"subnet_id":true,"tags":{},"tenancy":true,"volume_tags":true,"vpc_security_group_ids":true}}}],"prior_state":{"format_version":"0.1","terraform_version":"0.12.29","values":{"root_module":{"resources":[{"address":"data.aws_ami.ubuntu","mode":"data","type":"aws_ami","name":"ubuntu","provider_name":"aws","schema_version":0,"values":{"architecture":"x86_64","arn":"arn:aws:ec2:us-east-1::image/ami-074a777d5cae10210","block_device_mappings":[{"device_name":"/dev/sda1","ebs":{"delete_on_termination":"true","encrypted":"false","iops":"0","snapshot_id":"snap-0df14888b07bde546","volume_size":"8","volume_type":"gp2"},"no_device":"","virtual_name":""},{"device_name":"/dev/sdb","ebs":{},"no_device":"","virtual_name":"ephemeral0"},{"device_name":"/dev/sdc","ebs":{},"no_device":"","virtual_name":"ephemeral1"}],"creation_date":"2020-12-03T16:48:20.000Z","description":"Canonical, Ubuntu, 16.04 LTS, amd64 xenial image build on 2020-12-02","executable_users":null,"filter":[{"name":"name","values":["ubuntu/images/hvm-ssd/ubuntu-xenial-16.04-amd64-server-*"]},{"name":"virtualization-type","values":["hvm"]}],"hypervisor":"xen","id":"ami-074a777d5cae10210","image_id":"ami-074a777d5cae10210","image_location":"099720109477/ubuntu/images/hvm-ssd/ubuntu-xenial-16.04-amd64-server-20201202.1","image_owner_alias":null,"image_type":"machine","kernel_id":null,"most_recent":true,"name":"ubuntu/images/hvm-ssd/ubuntu-xenial-16.04-amd64-server-20201202.1","name_regex":null,"owner_id":"099720109477","owners":["099720109477"],"platform":null,"product_codes":[],"public":true,"ramdisk_id":null,"root_device_name":"/dev/sda1","root_device_type":"ebs","root_snapshot_id":"snap-0df14888b07bde546","sriov_net_support":"simple","state":"available","state_reason":{"code":"UNSET","message":"UNSET"},"tags":{},"virtualization_type":"hvm"}},{"address":"data.aws_availability_zones.available","mode":"data","type":"aws_availability_zones","name":"available","provider_name":"aws","schema_version":0,"values":{"all_availability_zones":null,"exclude_names":null,"exclude_zone_ids":null,"filter":null,"group_names":["us-east-1"],"id":"us-east-1","names":["us-east-1a","us-east-1b","us-east-1c","us-east-1d","us-east-1e","us-east-1f"],"state":"available","zone_ids":["use1-az1","use1-az2","use1-az4","use1-az6","use1-az3","use1-az5"]}}]}}},"configuration":{"provider_config":{"aws":{"name":"aws","expressions":{"region":{"constant_value":"us-east-1"}}}},"root_module":{"resources":[{"address":"aws_ami.example","mode":"managed","type":"aws_ami","name":"example","provider_config_key":"aws","expressions":{"ebs_block_device":[{"device_name":{"constant_value":"/dev/xvda"},"snapshot_id":{"references":["aws_ebs_snapshot.example_snapshot"]},"volume_size":{"constant_value":40}}],"ena_support":{"constant_value":true},"name":{"constant_value":"terraform-example"},"root_device_name":{"constant_value":"/dev/xvda"},"virtualization_type":{"constant_value":"hvm"}},"schema_version":0,"raw_data":{"FileName":"main.tf","StartLine":32,"EndLine":43}},{"address":"aws_ami_copy.example","mode":"managed","type":"aws_ami_copy","name":"example","provider_config_key":"aws","expressions":{"description":{"constant_value":"A copy of ubuntu ami"},"name":{"constant_value":"terraform-example2"},"source_ami_id":{"references":["data.aws_ami.ubuntu"]},"source_ami_region":{"references":["data.aws_availability_zones.available"]},"tags":{"constant_value":{"Name":"HelloWorld"}}},"schema_version":0,"raw_data":{"FileName":"main.tf","StartLine":69,"EndLine":78}},{"address":"aws_ami_from_instance.example","mode":"managed","type":"aws_ami_from_instance","name":"example","provider_config_key":"aws","expressions":{"name":{"constant_value":"terraform-example3"},"source_instance_id":{"references":["aws_instance.example_with_copied_ami"]}},"schema_version":0,"raw_data":{"FileName":"main.tf","StartLine":88,"EndLine":91}},{"address":"aws_ebs_snapshot.example_snapshot","mode":"managed","type":"aws_ebs_snapshot","name":"example_snapshot","provider_config_key":"aws","expressions":{"tags":{"constant_value":{"Name":"HelloWorld_snap"}},"volume_id":{"references":["aws_ebs_volume.example"]}},"schema_version":0,"raw_data":{"FileName":"main.tf","StartLine":24,"EndLine":30}},{"address":"aws_ebs_volume.example","mode":"managed","type":"aws_ebs_volume","name":"example","provider_config_key":"aws","expressions":{"availability_zone":{"references":["data.aws_availability_zones.available"]},"size":{"constant_value":40},"tags":{"constant_value":{"Name":"HelloWorld"}}},"schema_version":0,"raw_data":{"FileName":"main.tf","StartLine":15,"EndLine":22}},{"address":"aws_instance.example_with_ami_from_instance","mode":"managed","type":"aws_instance","name":"example_with_ami_from_instance","provider_config_key":"aws","expressions":{"ami":{"references":["aws_ami_from_instance.example"]},"instance_type":{"constant_value":"t3.nano"}},"schema_version":1,"raw_data":{"FileName":"main.tf","StartLine":93,"EndLine":96}},{"address":"aws_instance.example_with_copied_ami","mode":"managed","type":"aws_instance","name":"example_with_copied_ami","provider_config_key":"aws","expressions":{"ami":{"references":["aws_ami_copy.example"]},"instance_type":{"constant_value":"t3.nano"}},"schema_version":1,"raw_data":{"FileName":"main.tf","StartLine":80,"EndLine":84}},{"address":"aws_instance.example_with_new_ami","mode":"managed","type":"aws_instance","name":"example_with_new_ami","provider_config_key":"aws","expressions":{"ami":{"references":["aws_ami.example"]},"instance_type":{"constant_value":"t3.nano"}},"schema_version":1,"raw_data":{"FileName":"main.tf","StartLine":45,"EndLine":48}},{"address":"aws_instance.public-ubuntu-from-data","mode":"managed","type":"aws_instance","name":"public-ubuntu-from-data","provider_config_key":"aws","expressions":{"ami":{"references":["data.aws_ami.ubuntu"]},"instance_type":{"constant_value":"t2.micro"},"tags":{"constant_value":{"Name":"public-ubuntu-from-data"}}},"schema_version":1,"raw_data":{"FileName":"main.tf","StartLine":98,"EndLine":105}},{"address":"data.aws_ami.ubuntu","mode":"data","type":"aws_ami","name":"ubuntu","provider_config_key":"aws","expressions":{"filter":[{"name":{"constant_value":"name"},"values":{"constant_value":["ubuntu/images/hvm-ssd/ubuntu-xenial-16.04-amd64-server-*"]}},{"name":{"constant_value":"virtualization-type"},"values":{"constant_value":["hvm"]}}],"most_recent":{"constant_value":true},"owners":{"constant_value":["099720109477"]}},"schema_version":0,"raw_data":{"FileName":"main.tf","StartLine":52,"EndLine":66}},{"address":"data.aws_availability_zones.available","mode":"data","type":"aws_availability_zones","name":"available","provider_config_key":"aws","expressions":{"state":{"constant_value":"available"}},"schema_version":0,"raw_data":{"FileName":"main.tf","StartLine":9,"EndLine":11}}]}}}
