{"format_version":"0.1","terraform_version":"0.13.4","planned_values":{"root_module":{"resources":[{"address":"aws_sqs_queue.cloudrail","mode":"managed","type":"aws_sqs_queue","name":"cloudrail","provider_name":"registry.terraform.io/hashicorp/aws","schema_version":0,"values":{"content_based_deduplication":false,"delay_seconds":0,"fifo_queue":false,"kms_master_key_id":null,"max_message_size":262144,"message_retention_seconds":345600,"name":"sqs_non_encrypted","receive_wait_time_seconds":0,"redrive_policy":null,"tags":{"Name":"Sqs Cloudrail Test"},"tags_all":{"Name":"Sqs Cloudrail Test"},"visibility_timeout_seconds":30}}]}},"resource_changes":[{"address":"aws_sqs_queue.cloudrail","mode":"managed","type":"aws_sqs_queue","name":"cloudrail","provider_name":"registry.terraform.io/hashicorp/aws","change":{"actions":["create"],"before":null,"after":{"content_based_deduplication":false,"delay_seconds":0,"fifo_queue":false,"kms_master_key_id":null,"max_message_size":262144,"message_retention_seconds":345600,"name":"sqs_non_encrypted","receive_wait_time_seconds":0,"redrive_policy":null,"tags":{"Name":"Sqs Cloudrail Test"},"tags_all":{"Name":"Sqs Cloudrail Test"},"visibility_timeout_seconds":30},"after_unknown":{"arn":true,"deduplication_scope":true,"fifo_throughput_limit":true,"id":true,"kms_data_key_reuse_period_seconds":true,"name_prefix":true,"policy":true,"tags":{},"tags_all":{},"url":true}}}],"configuration":{"provider_config":{"aws":{"name":"aws","expressions":{"region":{"constant_value":"us-east-1"}}}},"root_module":{"resources":[{"address":"aws_sqs_queue.cloudrail","mode":"managed","type":"aws_sqs_queue","name":"cloudrail","provider_config_key":"aws","expressions":{"name":{"constant_value":"sqs_non_encrypted"},"tags":{"constant_value":{"Name":"Sqs Cloudrail Test"}}},"schema_version":0,"raw_data":{"FileName":"main.tf","StartLine":2,"EndLine":7}}]}}}
