{"format_version":"0.1","terraform_version":"0.14.6","planned_values":{"root_module":{"resources":[{"address":"azurerm_network_interface.nic","mode":"managed","type":"azurerm_network_interface","name":"nic","provider_name":"registry.terraform.io/hashicorp/azurerm","schema_version":0,"values":{"enable_accelerated_networking":false,"enable_ip_forwarding":false,"ip_configuration":[{"name":"testconfiguration1","private_ip_address_allocation":"dynamic","private_ip_address_version":"IPv4","public_ip_address_id":null,"subnet_id":"azurerm_subnet.snet.id"}],"location":"westeurope","name":"cr2333-nic","resource_group_name":"cr2333-RG","tags":null,"timeouts":null}},{"address":"azurerm_resource_group.rg","mode":"managed","type":"azurerm_resource_group","name":"rg","provider_name":"registry.terraform.io/hashicorp/azurerm","schema_version":0,"values":{"location":"westeurope","name":"cr2333-RG","tags":null,"timeouts":null}},{"address":"azurerm_storage_account.storacc","mode":"managed","type":"azurerm_storage_account","name":"storacc","provider_name":"registry.terraform.io/hashicorp/azurerm","schema_version":2,"values":{"account_kind":"StorageV2","account_replication_type":"LRS","account_tier":"Standard","allow_blob_public_access":false,"azure_files_authentication":[],"custom_domain":[],"enable_https_traffic_only":true,"is_hns_enabled":false,"location":"westeurope","min_tls_version":"TLS1_0","name":"cr2333tstsa","nfsv3_enabled":false,"queue_encryption_key_type":"Service","resource_group_name":"cr2333-RG","shared_access_key_enabled":true,"static_website":[],"table_encryption_key_type":"Service","tags":null,"timeouts":null}},{"address":"azurerm_subnet.snet","mode":"managed","type":"azurerm_subnet","name":"snet","provider_name":"registry.terraform.io/hashicorp/azurerm","schema_version":0,"values":{"address_prefixes":["10.0.2.0/24"],"delegation":[],"enforce_private_link_endpoint_network_policies":false,"enforce_private_link_service_network_policies":false,"name":"cr2333-snet","resource_group_name":"cr2333-RG","service_endpoint_policy_ids":null,"service_endpoints":null,"timeouts":null,"virtual_network_name":"cr2333-vnet"}},{"address":"azurerm_virtual_machine_scale_set_extension.extension","mode":"managed","type":"azurerm_virtual_machine_scale_set_extension","name":"extension","provider_name":"registry.terraform.io/hashicorp/azurerm","schema_version":0,"values":{"auto_upgrade_minor_version":true,"automatic_upgrade_enabled":null,"force_update_tag":null,"name":"example","protected_settings":null,"provision_after_extensions":null,"publisher":"Microsoft.Azure.Diagnostics","settings":null,"timeouts":null,"type":"IaaSDiagnostics","type_handler_version":"1.9","virtual_machine_scale_set_id":"azurerm_windows_virtual_machine_scale_set.vmss.id"}},{"address":"azurerm_virtual_network.vnet","mode":"managed","type":"azurerm_virtual_network","name":"vnet","provider_name":"registry.terraform.io/hashicorp/azurerm","schema_version":0,"values":{"address_space":["10.0.0.0/16"],"bgp_community":null,"ddos_protection_plan":[],"flow_timeout_in_minutes":null,"location":"westeurope","name":"cr2333-vnet","resource_group_name":"cr2333-RG","tags":null,"timeouts":null,"vm_protection_enabled":false}},{"address":"azurerm_windows_virtual_machine_scale_set.vmss","mode":"managed","type":"azurerm_windows_virtual_machine_scale_set","name":"vmss","provider_name":"registry.terraform.io/hashicorp/azurerm","schema_version":0,"values":{"additional_capabilities":[],"additional_unattend_content":[],"admin_password":"P@55w0rd1234!","admin_username":"adminuser","automatic_os_upgrade_policy":[],"boot_diagnostics":[],"computer_name_prefix":"winsrv","custom_data":null,"data_disk":[],"do_not_run_extensions_on_overprovisioned_machines":false,"enable_automatic_updates":true,"encryption_at_host_enabled":null,"eviction_policy":null,"extensions_time_budget":"PT1H30M","health_probe_id":null,"identity":[],"instances":1,"license_type":null,"location":"westeurope","max_bid_price":-1,"name":"cr2333-vmss","network_interface":[{"dns_servers":null,"enable_accelerated_networking":false,"enable_ip_forwarding":false,"ip_configuration":[{"application_gateway_backend_address_pool_ids":null,"application_security_group_ids":null,"load_balancer_backend_address_pool_ids":null,"load_balancer_inbound_nat_rules_ids":null,"name":"TestIPConfiguration","primary":true,"public_ip_address":[],"subnet_id":"azurerm_subnet.snet.id","version":"IPv4"}],"name":"networkprofile","network_security_group_id":null,"primary":true}],"os_disk":[{"caching":"ReadWrite","diff_disk_settings":[],"disk_encryption_set_id":null,"storage_account_type":"Standard_LRS","write_accelerator_enabled":false}],"overprovision":true,"plan":[],"priority":"Regular","provision_vm_agent":true,"proximity_placement_group_id":null,"resource_group_name":"cr2333-RG","rolling_upgrade_policy":[],"scale_in_policy":"Default","secret":[],"secure_boot_enabled":null,"single_placement_group":true,"sku":"Standard_B2s","source_image_id":null,"source_image_reference":[{"offer":"WindowsServer","publisher":"MicrosoftWindowsServer","sku":"2016-Datacenter-Server-Core","version":"latest"}],"tags":null,"timeouts":null,"timezone":null,"upgrade_mode":"Manual","vtpm_enabled":null,"winrm_listener":[],"zone_balance":false,"zones":null}}]}},"resource_changes":[{"address":"azurerm_network_interface.nic","mode":"managed","type":"azurerm_network_interface","name":"nic","provider_name":"registry.terraform.io/hashicorp/azurerm","change":{"actions":["create"],"before":null,"after":{"enable_accelerated_networking":false,"enable_ip_forwarding":false,"ip_configuration":[{"name":"testconfiguration1","private_ip_address_allocation":"dynamic","private_ip_address_version":"IPv4","public_ip_address_id":null,"subnet_id":"azurerm_subnet.snet.id"}],"location":"westeurope","name":"cr2333-nic","resource_group_name":"cr2333-RG","tags":null,"timeouts":null},"after_unknown":{"applied_dns_servers":true,"dns_servers":true,"id":true,"internal_dns_name_label":true,"internal_domain_name_suffix":true,"ip_configuration":[{"gateway_load_balancer_frontend_ip_configuration_id":true,"primary":true,"private_ip_address":true}],"mac_address":true,"private_ip_address":true,"private_ip_addresses":true,"virtual_machine_id":true}}},{"address":"azurerm_resource_group.rg","mode":"managed","type":"azurerm_resource_group","name":"rg","provider_name":"registry.terraform.io/hashicorp/azurerm","change":{"actions":["create"],"before":null,"after":{"location":"westeurope","name":"cr2333-RG","tags":null,"timeouts":null},"after_unknown":{"id":true}}},{"address":"azurerm_storage_account.storacc","mode":"managed","type":"azurerm_storage_account","name":"storacc","provider_name":"registry.terraform.io/hashicorp/azurerm","change":{"actions":["create"],"before":null,"after":{"account_kind":"StorageV2","account_replication_type":"LRS","account_tier":"Standard","allow_blob_public_access":false,"azure_files_authentication":[],"custom_domain":[],"enable_https_traffic_only":true,"is_hns_enabled":false,"location":"westeurope","min_tls_version":"TLS1_0","name":"cr2333tstsa","nfsv3_enabled":false,"queue_encryption_key_type":"Service","resource_group_name":"cr2333-RG","shared_access_key_enabled":true,"static_website":[],"table_encryption_key_type":"Service","tags":null,"timeouts":null},"after_unknown":{"access_tier":true,"azure_files_authentication":[],"blob_properties":true,"custom_domain":[],"id":true,"identity":true,"large_file_share_enabled":true,"network_rules":true,"primary_access_key":true,"primary_blob_connection_string":true,"primary_blob_endpoint":true,"primary_blob_host":true,"primary_connection_string":true,"primary_dfs_endpoint":true,"primary_dfs_host":true,"primary_file_endpoint":true,"primary_file_host":true,"primary_location":true,"primary_queue_endpoint":true,"primary_queue_host":true,"primary_table_endpoint":true,"primary_table_host":true,"primary_web_endpoint":true,"primary_web_host":true,"queue_properties":true,"routing":true,"secondary_access_key":true,"secondary_blob_connection_string":true,"secondary_blob_endpoint":true,"secondary_blob_host":true,"secondary_connection_string":true,"secondary_dfs_endpoint":true,"secondary_dfs_host":true,"secondary_file_endpoint":true,"secondary_file_host":true,"secondary_location":true,"secondary_queue_endpoint":true,"secondary_queue_host":true,"secondary_table_endpoint":true,"secondary_table_host":true,"secondary_web_endpoint":true,"secondary_web_host":true,"share_properties":true,"static_website":[]}}},{"address":"azurerm_subnet.snet","mode":"managed","type":"azurerm_subnet","name":"snet","provider_name":"registry.terraform.io/hashicorp/azurerm","change":{"actions":["create"],"before":null,"after":{"address_prefixes":["10.0.2.0/24"],"delegation":[],"enforce_private_link_endpoint_network_policies":false,"enforce_private_link_service_network_policies":false,"name":"cr2333-snet","resource_group_name":"cr2333-RG","service_endpoint_policy_ids":null,"service_endpoints":null,"timeouts":null,"virtual_network_name":"cr2333-vnet"},"after_unknown":{"address_prefix":true,"address_prefixes":[false],"delegation":[],"id":true}}},{"address":"azurerm_virtual_machine_scale_set_extension.extension","mode":"managed","type":"azurerm_virtual_machine_scale_set_extension","name":"extension","provider_name":"registry.terraform.io/hashicorp/azurerm","change":{"actions":["create"],"before":null,"after":{"auto_upgrade_minor_version":true,"automatic_upgrade_enabled":null,"force_update_tag":null,"name":"example","protected_settings":null,"provision_after_extensions":null,"publisher":"Microsoft.Azure.Diagnostics","settings":null,"timeouts":null,"type":"IaaSDiagnostics","type_handler_version":"1.9","virtual_machine_scale_set_id":"azurerm_windows_virtual_machine_scale_set.vmss.id"},"after_unknown":{"id":true}}},{"address":"azurerm_virtual_network.vnet","mode":"managed","type":"azurerm_virtual_network","name":"vnet","provider_name":"registry.terraform.io/hashicorp/azurerm","change":{"actions":["create"],"before":null,"after":{"address_space":["10.0.0.0/16"],"bgp_community":null,"ddos_protection_plan":[],"flow_timeout_in_minutes":null,"location":"westeurope","name":"cr2333-vnet","resource_group_name":"cr2333-RG","tags":null,"timeouts":null,"vm_protection_enabled":false},"after_unknown":{"address_space":[false],"ddos_protection_plan":[],"dns_servers":true,"guid":true,"id":true,"subnet":true}}},{"address":"azurerm_windows_virtual_machine_scale_set.vmss","mode":"managed","type":"azurerm_windows_virtual_machine_scale_set","name":"vmss","provider_name":"registry.terraform.io/hashicorp/azurerm","change":{"actions":["create"],"before":null,"after":{"additional_capabilities":[],"additional_unattend_content":[],"admin_password":"P@55w0rd1234!","admin_username":"adminuser","automatic_os_upgrade_policy":[],"boot_diagnostics":[],"computer_name_prefix":"winsrv","custom_data":null,"data_disk":[],"do_not_run_extensions_on_overprovisioned_machines":false,"enable_automatic_updates":true,"encryption_at_host_enabled":null,"eviction_policy":null,"extensions_time_budget":"PT1H30M","health_probe_id":null,"identity":[],"instances":1,"license_type":null,"location":"westeurope","max_bid_price":-1,"name":"cr2333-vmss","network_interface":[{"dns_servers":null,"enable_accelerated_networking":false,"enable_ip_forwarding":false,"ip_configuration":[{"application_gateway_backend_address_pool_ids":null,"application_security_group_ids":null,"load_balancer_backend_address_pool_ids":null,"load_balancer_inbound_nat_rules_ids":null,"name":"TestIPConfiguration","primary":true,"public_ip_address":[],"subnet_id":"azurerm_subnet.snet.id","version":"IPv4"}],"name":"networkprofile","network_security_group_id":null,"primary":true}],"os_disk":[{"caching":"ReadWrite","diff_disk_settings":[],"disk_encryption_set_id":null,"storage_account_type":"Standard_LRS","write_accelerator_enabled":false}],"overprovision":true,"plan":[],"priority":"Regular","provision_vm_agent":true,"proximity_placement_group_id":null,"resource_group_name":"cr2333-RG","rolling_upgrade_policy":[],"scale_in_policy":"Default","secret":[],"secure_boot_enabled":null,"single_placement_group":true,"sku":"Standard_B2s","source_image_id":null,"source_image_reference":[{"offer":"WindowsServer","publisher":"MicrosoftWindowsServer","sku":"2016-Datacenter-Server-Core","version":"latest"}],"tags":null,"timeouts":null,"timezone":null,"upgrade_mode":"Manual","vtpm_enabled":null,"winrm_listener":[],"zone_balance":false,"zones":null},"after_unknown":{"additional_capabilities":[],"additional_unattend_content":[],"automatic_instance_repair":true,"automatic_os_upgrade_policy":[],"boot_diagnostics":[],"data_disk":[],"extension":true,"id":true,"identity":[],"network_interface":[{"ip_configuration":[{"public_ip_address":[]}]}],"os_disk":[{"diff_disk_settings":[],"disk_size_gb":true}],"plan":[],"platform_fault_domain_count":true,"rolling_upgrade_policy":[],"secret":[],"source_image_reference":[{}],"terminate_notification":true,"unique_id":true,"winrm_listener":[]}}}],"configuration":{"provider_config":{"azurerm":{"name":"azurerm","expressions":{"features":[{}]}}},"root_module":{"resources":[{"address":"azurerm_network_interface.nic","mode":"managed","type":"azurerm_network_interface","name":"nic","provider_config_key":"azurerm","expressions":{"ip_configuration":[{"name":{"constant_value":"testconfiguration1"},"private_ip_address_allocation":{"constant_value":"Dynamic"},"subnet_id":{"references":["azurerm_subnet.snet"]}}],"location":{"references":["azurerm_resource_group.rg"]},"name":{"references":["local.resource_prefix"]},"resource_group_name":{"references":["azurerm_resource_group.rg"]}},"schema_version":0,"raw_data":{"FileName":"main.tf","StartLine":29,"EndLine":39}},{"address":"azurerm_resource_group.rg","mode":"managed","type":"azurerm_resource_group","name":"rg","provider_config_key":"azurerm","expressions":{"location":{"constant_value":"West Europe"},"name":{"references":["local.resource_prefix"]}},"schema_version":0,"raw_data":{"FileName":"main.tf","StartLine":10,"EndLine":13}},{"address":"azurerm_storage_account.storacc","mode":"managed","type":"azurerm_storage_account","name":"storacc","provider_config_key":"azurerm","expressions":{"account_replication_type":{"constant_value":"LRS"},"account_tier":{"constant_value":"Standard"},"location":{"references":["azurerm_resource_group.rg"]},"name":{"references":["local.resource_prefix"]},"resource_group_name":{"references":["azurerm_resource_group.rg"]}},"schema_version":2,"raw_data":{"FileName":"main.tf","StartLine":41,"EndLine":47}},{"address":"azurerm_subnet.snet","mode":"managed","type":"azurerm_subnet","name":"snet","provider_config_key":"azurerm","expressions":{"address_prefixes":{"constant_value":["10.0.2.0/24"]},"name":{"references":["local.resource_prefix"]},"resource_group_name":{"references":["azurerm_resource_group.rg"]},"virtual_network_name":{"references":["azurerm_virtual_network.vnet"]}},"schema_version":0,"raw_data":{"FileName":"main.tf","StartLine":22,"EndLine":27}},{"address":"azurerm_virtual_machine_scale_set_extension.extension","mode":"managed","type":"azurerm_virtual_machine_scale_set_extension","name":"extension","provider_config_key":"azurerm","expressions":{"name":{"constant_value":"example"},"publisher":{"constant_value":"Microsoft.Azure.Diagnostics"},"type":{"constant_value":"IaaSDiagnostics"},"type_handler_version":{"constant_value":"1.9"},"virtual_machine_scale_set_id":{"references":["azurerm_windows_virtual_machine_scale_set.vmss"]}},"schema_version":0,"raw_data":{"FileName":"main.tf","StartLine":83,"EndLine":89}},{"address":"azurerm_virtual_network.vnet","mode":"managed","type":"azurerm_virtual_network","name":"vnet","provider_config_key":"azurerm","expressions":{"address_space":{"constant_value":["10.0.0.0/16"]},"location":{"references":["azurerm_resource_group.rg"]},"name":{"references":["local.resource_prefix"]},"resource_group_name":{"references":["azurerm_resource_group.rg"]}},"schema_version":0,"raw_data":{"FileName":"main.tf","StartLine":15,"EndLine":20}},{"address":"azurerm_windows_virtual_machine_scale_set.vmss","mode":"managed","type":"azurerm_windows_virtual_machine_scale_set","name":"vmss","provider_config_key":"azurerm","expressions":{"admin_password":{"constant_value":"P@55w0rd1234!"},"admin_username":{"constant_value":"adminuser"},"computer_name_prefix":{"constant_value":"winsrv"},"instances":{"constant_value":1},"location":{"references":["azurerm_resource_group.rg"]},"name":{"references":["local.resource_prefix"]},"network_interface":[{"ip_configuration":[{"name":{"constant_value":"TestIPConfiguration"},"primary":{"constant_value":true},"subnet_id":{"references":["azurerm_subnet.snet"]}}],"name":{"constant_value":"networkprofile"},"primary":{"constant_value":true}}],"os_disk":[{"caching":{"constant_value":"ReadWrite"},"storage_account_type":{"constant_value":"Standard_LRS"}}],"resource_group_name":{"references":["azurerm_resource_group.rg"]},"sku":{"constant_value":"Standard_B2s"},"source_image_reference":[{"offer":{"constant_value":"WindowsServer"},"publisher":{"constant_value":"MicrosoftWindowsServer"},"sku":{"constant_value":"2016-Datacenter-Server-Core"},"version":{"constant_value":"latest"}}]},"schema_version":0,"raw_data":{"FileName":"main.tf","StartLine":49,"EndLine":81}}]}}}
