{"format_version":"0.1","terraform_version":"0.13.4","planned_values":{"root_module":{"resources":[{"address":"aws_mq_broker.example","mode":"managed","type":"aws_mq_broker","name":"example","provider_name":"registry.terraform.io/hashicorp/aws","schema_version":0,"values":{"apply_immediately":false,"auto_minor_version_upgrade":false,"broker_name":"example","configuration":[],"deployment_mode":"SINGLE_INSTANCE","encryption_options":[],"engine_type":"ActiveMQ","engine_version":"5.15.9","host_instance_type":"mq.m5.large","ldap_server_metadata":[],"logs":[],"maintenance_window_start_time":[],"publicly_accessible":false,"security_groups":null,"storage_type":"ebs","tags":null,"user":[{"console_access":null,"groups":null,"password":"MindTheGap-MindTheGap","username":"ExampleUser"}]}}]}},"resource_changes":[{"address":"aws_mq_broker.example","mode":"managed","type":"aws_mq_broker","name":"example","provider_name":"registry.terraform.io/hashicorp/aws","change":{"actions":["create"],"before":null,"after":{"apply_immediately":false,"auto_minor_version_upgrade":false,"broker_name":"example","configuration":[],"deployment_mode":"SINGLE_INSTANCE","encryption_options":[],"engine_type":"ActiveMQ","engine_version":"5.15.9","host_instance_type":"mq.m5.large","ldap_server_metadata":[],"logs":[],"maintenance_window_start_time":[],"publicly_accessible":false,"security_groups":null,"storage_type":"ebs","tags":null,"user":[{"console_access":null,"groups":null,"password":"MindTheGap-MindTheGap","username":"ExampleUser"}]},"after_unknown":{"arn":true,"authentication_strategy":true,"configuration":[],"encryption_options":[],"id":true,"instances":true,"ldap_server_metadata":[],"logs":[],"maintenance_window_start_time":[],"subnet_ids":true,"tags_all":true,"user":[{}]}}}],"configuration":{"provider_config":{"aws":{"name":"aws","expressions":{"region":{"constant_value":"us-east-1"}}}},"root_module":{"resources":[{"address":"aws_mq_broker.example","mode":"managed","type":"aws_mq_broker","name":"example","provider_config_key":"aws","expressions":{"broker_name":{"constant_value":"example"},"engine_type":{"constant_value":"ActiveMQ"},"engine_version":{"constant_value":"5.15.9"},"host_instance_type":{"constant_value":"mq.m5.large"},"storage_type":{"constant_value":"ebs"},"user":[{"password":{"constant_value":"MindTheGap-MindTheGap"},"username":{"constant_value":"ExampleUser"}}]},"schema_version":0,"raw_data":{"FileName":"main.tf","StartLine":2,"EndLine":13}}]}}}
