{"format_version":"0.1","terraform_version":"0.13.4","planned_values":{"outputs":{"chkp_management_security_group":{"sensitive":false,"value":"module.transit.module.mgmt.aws_security_group.management.id"},"gateway_public_ip":{"sensitive":false,"value":"module.transit.module.cloudguard_gateway_B.aws_eip.public.public_ip"},"private_nacl":{"sensitive":false,"value":["module.transit.module.transit_vpc.aws_network_acl.private[0].id"]},"private_route_table":{"sensitive":false,"value":"module.transit.module.transit_vpc.aws_route_table.private[0].id"},"private_subnets":{"sensitive":false,"value":["module.transit.module.transit_vpc.aws_subnet.private[10.60.10.0/24].id","module.transit.module.transit_vpc.aws_subnet.private[10.60.20.0/24].id"]},"public_nacl":{"sensitive":false,"value":["module.transit.module.transit_vpc.aws_network_acl.public[0].id"]},"public_route_table":{"sensitive":false,"value":"module.transit.module.mgmt_vpc.aws_route_table.public[0].id"},"public_subnets":{"sensitive":false,"value":["module.transit.module.transit_vpc.aws_subnet.public[10.60.1.0/24].id","module.transit.module.transit_vpc.aws_subnet.public[10.60.2.0/24].id"]},"subnet_id":{"sensitive":false,"value":"module.spoke.module.spoke1_vpc.aws_subnet.subnet.id"},"vpc_id":{"sensitive":false,"value":"module.spoke.module.spoke1_vpc.aws_vpc.vpc.id"}},"root_module":{"resources":[{"address":"aws_key_pair.key","mode":"managed","type":"aws_key_pair","name":"key","provider_name":"registry.terraform.io/hashicorp/aws","schema_version":1,"values":{"key_name":"madeupkey","key_name_prefix":null,"public_key":"ssh-rsa AAAAB3NzaC1yc2EAAAADAQABAAABAQD3F6tyPEFEzV0LX3X8BsXdMsQz1x2cEikKDEY0aIj41qgxMCP/iteneqXSIFZBp5vizPvaoIR3Um9xK7PGoW8giupGn+EPuxIA4cDM4vzOqOkiMPhz5XK0whEjkVzTo4+S0puvDZuwIsdiW9mxhJc7tgBNL0cYlWSYVkz4G/fslNfRPW5mYAM49f4fhtxPb5ok4Q2Lg9dPKVHO/Bgeu5woMc7RY0p1ej6D4CKFE6lymSDJpW0YHX/wqE9+cfEauh7xZcG0q9t2ta6F6fmX0agvpFyZo8aFbXeUBr7osSCJNgvavWbM/06niWrOvYX2xwWdhXmXSrbX8ZbabVohBK41 email@example.com","tags":null}}],"child_modules":[{"address":"module.spoke","child_modules":[{"resources":[{"address":"module.spoke.module.spoke2_vpc.aws_default_network_acl.default","mode":"managed","type":"aws_default_network_acl","name":"default","provider_name":"registry.terraform.io/hashicorp/aws","schema_version":0,"values":{"default_network_acl_id":"module.spoke.module.spoke2_vpc.aws_vpc.vpc.default_network_acl_id","egress":[],"ingress":[],"subnet_ids":null,"tags":null}},{"address":"module.spoke.module.spoke2_vpc.aws_default_security_group.default","mode":"managed","type":"aws_default_security_group","name":"default","provider_name":"registry.terraform.io/hashicorp/aws","schema_version":1,"values":{"revoke_rules_on_delete":false,"tags":null,"vpc_id":"module.spoke.module.spoke2_vpc.aws_vpc.vpc.id"}},{"address":"module.spoke.module.spoke2_vpc.aws_instance.app","mode":"managed","type":"aws_instance","name":"app","provider_name":"registry.terraform.io/hashicorp/aws","schema_version":1,"values":{"ami":"ami-0fc61db8544a617ed","capacity_reservation_specification":[],"credit_specification":[],"disable_api_termination":null,"ebs_block_device":[],"ebs_optimized":null,"enclave_options":[],"ephemeral_block_device":[],"get_password_data":false,"hibernation":null,"iam_instance_profile":null,"instance_type":"t2.micro","key_name":"aws_key_pair.key.id","metadata_options":[],"monitoring":null,"network_interface":[],"root_block_device":[],"source_dest_check":true,"subnet_id":"module.spoke.module.spoke2_vpc.aws_subnet.subnet.id","tags":{"Environment":"testing","Name":"spoke2_vpc"},"tags_all":{"Environment":"testing","Name":"spoke2_vpc"},"timeouts":null,"user_data":null,"user_data_base64":null,"volume_tags":null,"vpc_security_group_ids":["module.spoke.module.spoke2_vpc.aws_security_group.app.id"]}},{"address":"module.spoke.module.spoke2_vpc.aws_network_acl.nacl","mode":"managed","type":"aws_network_acl","name":"nacl","provider_name":"registry.terraform.io/hashicorp/aws","schema_version":0,"values":{"subnet_ids":["module.spoke.module.spoke2_vpc.aws_subnet.subnet.id"],"tags":{"Environment":"testing","Name":"spoke2"},"tags_all":{"Environment":"testing","Name":"spoke2"},"vpc_id":"module.spoke.module.spoke2_vpc.aws_vpc.vpc.id"}},{"address":"module.spoke.module.spoke2_vpc.aws_network_acl_rule.egress_ephemeral","mode":"managed","type":"aws_network_acl_rule","name":"egress_ephemeral","provider_name":"registry.terraform.io/hashicorp/aws","schema_version":0,"values":{"cidr_block":"0.0.0.0/0","egress":true,"from_port":1024,"icmp_code":null,"icmp_type":null,"ipv6_cidr_block":null,"network_acl_id":"module.spoke.module.spoke2_vpc.aws_network_acl.nacl.id","protocol":"tcp","rule_action":"allow","rule_number":103,"to_port":65535}},{"address":"module.spoke.module.spoke2_vpc.aws_network_acl_rule.egress_http","mode":"managed","type":"aws_network_acl_rule","name":"egress_http","provider_name":"registry.terraform.io/hashicorp/aws","schema_version":0,"values":{"cidr_block":"0.0.0.0/0","egress":true,"from_port":80,"icmp_code":null,"icmp_type":null,"ipv6_cidr_block":null,"network_acl_id":"module.spoke.module.spoke2_vpc.aws_network_acl.nacl.id","protocol":"tcp","rule_action":"allow","rule_number":101,"to_port":80}},{"address":"module.spoke.module.spoke2_vpc.aws_network_acl_rule.egress_https","mode":"managed","type":"aws_network_acl_rule","name":"egress_https","provider_name":"registry.terraform.io/hashicorp/aws","schema_version":0,"values":{"cidr_block":"0.0.0.0/0","egress":true,"from_port":443,"icmp_code":null,"icmp_type":null,"ipv6_cidr_block":null,"network_acl_id":"module.spoke.module.spoke2_vpc.aws_network_acl.nacl.id","protocol":"tcp","rule_action":"allow","rule_number":102,"to_port":443}},{"address":"module.spoke.module.spoke2_vpc.aws_network_acl_rule.egress_ssh","mode":"managed","type":"aws_network_acl_rule","name":"egress_ssh","provider_name":"registry.terraform.io/hashicorp/aws","schema_version":0,"values":{"cidr_block":"10.100.0.0/16","egress":true,"from_port":22,"icmp_code":null,"icmp_type":null,"ipv6_cidr_block":null,"network_acl_id":"module.spoke.module.spoke2_vpc.aws_network_acl.nacl.id","protocol":"tcp","rule_action":"allow","rule_number":100,"to_port":22}},{"address":"module.spoke.module.spoke2_vpc.aws_network_acl_rule.inbound_ephemeral","mode":"managed","type":"aws_network_acl_rule","name":"inbound_ephemeral","provider_name":"registry.terraform.io/hashicorp/aws","schema_version":0,"values":{"cidr_block":"0.0.0.0/0","egress":false,"from_port":1024,"icmp_code":null,"icmp_type":null,"ipv6_cidr_block":null,"network_acl_id":"module.spoke.module.spoke2_vpc.aws_network_acl.nacl.id","protocol":"tcp","rule_action":"allow","rule_number":102,"to_port":65535}},{"address":"module.spoke.module.spoke2_vpc.aws_network_acl_rule.inbound_ssh_from_gws","mode":"managed","type":"aws_network_acl_rule","name":"inbound_ssh_from_gws","provider_name":"registry.terraform.io/hashicorp/aws","schema_version":0,"values":{"cidr_block":"10.60.0.0/16","egress":false,"from_port":22,"icmp_code":null,"icmp_type":null,"ipv6_cidr_block":null,"network_acl_id":"module.spoke.module.spoke2_vpc.aws_network_acl.nacl.id","protocol":"tcp","rule_action":"allow","rule_number":101,"to_port":22}},{"address":"module.spoke.module.spoke2_vpc.aws_network_acl_rule.inbound_ssh_from_other_spoke","mode":"managed","type":"aws_network_acl_rule","name":"inbound_ssh_from_other_spoke","provider_name":"registry.terraform.io/hashicorp/aws","schema_version":0,"values":{"cidr_block":"10.100.0.0/16","egress":false,"from_port":22,"icmp_code":null,"icmp_type":null,"ipv6_cidr_block":null,"network_acl_id":"module.spoke.module.spoke2_vpc.aws_network_acl.nacl.id","protocol":"tcp","rule_action":"allow","rule_number":100,"to_port":22}},{"address":"module.spoke.module.spoke2_vpc.aws_security_group.app","mode":"managed","type":"aws_security_group","name":"app","provider_name":"registry.terraform.io/hashicorp/aws","schema_version":1,"values":{"description":"SG for internal App","revoke_rules_on_delete":false,"tags":{"Environment":"testing","Name":"spoke2_vpc-sg"},"tags_all":{"Environment":"testing","Name":"spoke2_vpc-sg"},"timeouts":null,"vpc_id":"module.spoke.module.spoke2_vpc.aws_vpc.vpc.id"}},{"address":"module.spoke.module.spoke2_vpc.aws_security_group_rule.inbound_ssh","mode":"managed","type":"aws_security_group_rule","name":"inbound_ssh","provider_name":"registry.terraform.io/hashicorp/aws","schema_version":2,"values":{"cidr_blocks":["10.60.0.0/16","10.100.0.0/16"],"description":null,"from_port":22,"ipv6_cidr_blocks":null,"prefix_list_ids":null,"protocol":"tcp","security_group_id":"module.spoke.module.spoke2_vpc.aws_security_group.app.id","self":false,"to_port":22,"type":"ingress"}},{"address":"module.spoke.module.spoke2_vpc.aws_security_group_rule.outbound_http","mode":"managed","type":"aws_security_group_rule","name":"outbound_http","provider_name":"registry.terraform.io/hashicorp/aws","schema_version":2,"values":{"cidr_blocks":["0.0.0.0/0"],"description":null,"from_port":80,"ipv6_cidr_blocks":null,"prefix_list_ids":null,"protocol":"tcp","security_group_id":"module.spoke.module.spoke2_vpc.aws_security_group.app.id","self":false,"to_port":80,"type":"egress"}},{"address":"module.spoke.module.spoke2_vpc.aws_security_group_rule.outbound_https","mode":"managed","type":"aws_security_group_rule","name":"outbound_https","provider_name":"registry.terraform.io/hashicorp/aws","schema_version":2,"values":{"cidr_blocks":["0.0.0.0/0"],"description":null,"from_port":443,"ipv6_cidr_blocks":null,"prefix_list_ids":null,"protocol":"tcp","security_group_id":"module.spoke.module.spoke2_vpc.aws_security_group.app.id","self":false,"to_port":443,"type":"egress"}},{"address":"module.spoke.module.spoke2_vpc.aws_security_group_rule.outbound_ssh","mode":"managed","type":"aws_security_group_rule","name":"outbound_ssh","provider_name":"registry.terraform.io/hashicorp/aws","schema_version":2,"values":{"cidr_blocks":["10.100.0.0/16"],"description":null,"from_port":22,"ipv6_cidr_blocks":null,"prefix_list_ids":null,"protocol":"tcp","security_group_id":"module.spoke.module.spoke2_vpc.aws_security_group.app.id","self":false,"to_port":22,"type":"egress"}},{"address":"module.spoke.module.spoke2_vpc.aws_subnet.subnet","mode":"managed","type":"aws_subnet","name":"subnet","provider_name":"registry.terraform.io/hashicorp/aws","schema_version":1,"values":{"assign_ipv6_address_on_creation":false,"cidr_block":"10.200.10.0/24","customer_owned_ipv4_pool":null,"ipv6_cidr_block":null,"map_customer_owned_ip_on_launch":null,"map_public_ip_on_launch":false,"outpost_arn":null,"tags":{"Environment":"testing","Name":"spoke2"},"tags_all":{"Environment":"testing","Name":"spoke2"},"timeouts":null,"vpc_id":"module.spoke.module.spoke2_vpc.aws_vpc.vpc.id"}},{"address":"module.spoke.module.spoke2_vpc.aws_vpc.vpc","mode":"managed","type":"aws_vpc","name":"vpc","provider_name":"registry.terraform.io/hashicorp/aws","schema_version":1,"values":{"assign_generated_ipv6_cidr_block":false,"cidr_block":"10.200.0.0/16","enable_dns_hostnames":true,"enable_dns_support":true,"instance_tenancy":"default","tags":{"Environment":"testing","Name":"spoke2_vpc","x-chkp-vpn":"transitvpc-management/transitvpc-community"},"tags_all":{"Environment":"testing","Name":"spoke2_vpc","x-chkp-vpn":"transitvpc-management/transitvpc-community"}}}],"address":"module.spoke.module.spoke2_vpc"},{"resources":[{"address":"module.spoke.module.spoke1_vpc.aws_default_network_acl.default","mode":"managed","type":"aws_default_network_acl","name":"default","provider_name":"registry.terraform.io/hashicorp/aws","schema_version":0,"values":{"default_network_acl_id":"module.spoke.module.spoke1_vpc.aws_vpc.vpc.default_network_acl_id","egress":[],"ingress":[],"subnet_ids":null,"tags":null}},{"address":"module.spoke.module.spoke1_vpc.aws_default_security_group.default","mode":"managed","type":"aws_default_security_group","name":"default","provider_name":"registry.terraform.io/hashicorp/aws","schema_version":1,"values":{"revoke_rules_on_delete":false,"tags":null,"vpc_id":"module.spoke.module.spoke1_vpc.aws_vpc.vpc.id"}},{"address":"module.spoke.module.spoke1_vpc.aws_instance.app","mode":"managed","type":"aws_instance","name":"app","provider_name":"registry.terraform.io/hashicorp/aws","schema_version":1,"values":{"ami":"ami-0fc61db8544a617ed","capacity_reservation_specification":[],"credit_specification":[],"disable_api_termination":null,"ebs_block_device":[],"ebs_optimized":null,"enclave_options":[],"ephemeral_block_device":[],"get_password_data":false,"hibernation":null,"iam_instance_profile":null,"instance_type":"t2.micro","key_name":"aws_key_pair.key.id","metadata_options":[],"monitoring":null,"network_interface":[],"root_block_device":[],"source_dest_check":true,"subnet_id":"module.spoke.module.spoke1_vpc.aws_subnet.subnet.id","tags":{"Environment":"testing","Name":"spoke1_vpc"},"tags_all":{"Environment":"testing","Name":"spoke1_vpc"},"timeouts":null,"user_data":null,"user_data_base64":null,"volume_tags":null,"vpc_security_group_ids":["module.spoke.module.spoke1_vpc.aws_security_group.app.id"]}},{"address":"module.spoke.module.spoke1_vpc.aws_network_acl.nacl","mode":"managed","type":"aws_network_acl","name":"nacl","provider_name":"registry.terraform.io/hashicorp/aws","schema_version":0,"values":{"subnet_ids":["module.spoke.module.spoke1_vpc.aws_subnet.subnet.id"],"tags":{"Environment":"testing","Name":"spoke1"},"tags_all":{"Environment":"testing","Name":"spoke1"},"vpc_id":"module.spoke.module.spoke1_vpc.aws_vpc.vpc.id"}},{"address":"module.spoke.module.spoke1_vpc.aws_network_acl_rule.egress_ephemeral","mode":"managed","type":"aws_network_acl_rule","name":"egress_ephemeral","provider_name":"registry.terraform.io/hashicorp/aws","schema_version":0,"values":{"cidr_block":"0.0.0.0/0","egress":true,"from_port":1024,"icmp_code":null,"icmp_type":null,"ipv6_cidr_block":null,"network_acl_id":"module.spoke.module.spoke1_vpc.aws_network_acl.nacl.id","protocol":"tcp","rule_action":"allow","rule_number":103,"to_port":65535}},{"address":"module.spoke.module.spoke1_vpc.aws_network_acl_rule.egress_http","mode":"managed","type":"aws_network_acl_rule","name":"egress_http","provider_name":"registry.terraform.io/hashicorp/aws","schema_version":0,"values":{"cidr_block":"0.0.0.0/0","egress":true,"from_port":80,"icmp_code":null,"icmp_type":null,"ipv6_cidr_block":null,"network_acl_id":"module.spoke.module.spoke1_vpc.aws_network_acl.nacl.id","protocol":"tcp","rule_action":"allow","rule_number":101,"to_port":80}},{"address":"module.spoke.module.spoke1_vpc.aws_network_acl_rule.egress_https","mode":"managed","type":"aws_network_acl_rule","name":"egress_https","provider_name":"registry.terraform.io/hashicorp/aws","schema_version":0,"values":{"cidr_block":"0.0.0.0/0","egress":true,"from_port":443,"icmp_code":null,"icmp_type":null,"ipv6_cidr_block":null,"network_acl_id":"module.spoke.module.spoke1_vpc.aws_network_acl.nacl.id","protocol":"tcp","rule_action":"allow","rule_number":102,"to_port":443}},{"address":"module.spoke.module.spoke1_vpc.aws_network_acl_rule.egress_ssh","mode":"managed","type":"aws_network_acl_rule","name":"egress_ssh","provider_name":"registry.terraform.io/hashicorp/aws","schema_version":0,"values":{"cidr_block":"10.200.0.0/16","egress":true,"from_port":22,"icmp_code":null,"icmp_type":null,"ipv6_cidr_block":null,"network_acl_id":"module.spoke.module.spoke1_vpc.aws_network_acl.nacl.id","protocol":"tcp","rule_action":"allow","rule_number":100,"to_port":22}},{"address":"module.spoke.module.spoke1_vpc.aws_network_acl_rule.inbound_ephemeral","mode":"managed","type":"aws_network_acl_rule","name":"inbound_ephemeral","provider_name":"registry.terraform.io/hashicorp/aws","schema_version":0,"values":{"cidr_block":"0.0.0.0/0","egress":false,"from_port":1024,"icmp_code":null,"icmp_type":null,"ipv6_cidr_block":null,"network_acl_id":"module.spoke.module.spoke1_vpc.aws_network_acl.nacl.id","protocol":"tcp","rule_action":"allow","rule_number":102,"to_port":65535}},{"address":"module.spoke.module.spoke1_vpc.aws_network_acl_rule.inbound_ssh_from_gws","mode":"managed","type":"aws_network_acl_rule","name":"inbound_ssh_from_gws","provider_name":"registry.terraform.io/hashicorp/aws","schema_version":0,"values":{"cidr_block":"10.60.0.0/16","egress":false,"from_port":22,"icmp_code":null,"icmp_type":null,"ipv6_cidr_block":null,"network_acl_id":"module.spoke.module.spoke1_vpc.aws_network_acl.nacl.id","protocol":"tcp","rule_action":"allow","rule_number":101,"to_port":22}},{"address":"module.spoke.module.spoke1_vpc.aws_network_acl_rule.inbound_ssh_from_other_spoke","mode":"managed","type":"aws_network_acl_rule","name":"inbound_ssh_from_other_spoke","provider_name":"registry.terraform.io/hashicorp/aws","schema_version":0,"values":{"cidr_block":"10.200.0.0/16","egress":false,"from_port":22,"icmp_code":null,"icmp_type":null,"ipv6_cidr_block":null,"network_acl_id":"module.spoke.module.spoke1_vpc.aws_network_acl.nacl.id","protocol":"tcp","rule_action":"allow","rule_number":100,"to_port":22}},{"address":"module.spoke.module.spoke1_vpc.aws_security_group.app","mode":"managed","type":"aws_security_group","name":"app","provider_name":"registry.terraform.io/hashicorp/aws","schema_version":1,"values":{"description":"SG for internal App","revoke_rules_on_delete":false,"tags":{"Environment":"testing","Name":"spoke1_vpc-sg"},"tags_all":{"Environment":"testing","Name":"spoke1_vpc-sg"},"timeouts":null,"vpc_id":"module.spoke.module.spoke1_vpc.aws_vpc.vpc.id"}},{"address":"module.spoke.module.spoke1_vpc.aws_security_group_rule.inbound_ssh","mode":"managed","type":"aws_security_group_rule","name":"inbound_ssh","provider_name":"registry.terraform.io/hashicorp/aws","schema_version":2,"values":{"cidr_blocks":["10.60.0.0/16","10.200.0.0/16"],"description":null,"from_port":22,"ipv6_cidr_blocks":null,"prefix_list_ids":null,"protocol":"tcp","security_group_id":"module.spoke.module.spoke1_vpc.aws_security_group.app.id","self":false,"to_port":22,"type":"ingress"}},{"address":"module.spoke.module.spoke1_vpc.aws_security_group_rule.outbound_http","mode":"managed","type":"aws_security_group_rule","name":"outbound_http","provider_name":"registry.terraform.io/hashicorp/aws","schema_version":2,"values":{"cidr_blocks":["0.0.0.0/0"],"description":null,"from_port":80,"ipv6_cidr_blocks":null,"prefix_list_ids":null,"protocol":"tcp","security_group_id":"module.spoke.module.spoke1_vpc.aws_security_group.app.id","self":false,"to_port":80,"type":"egress"}},{"address":"module.spoke.module.spoke1_vpc.aws_security_group_rule.outbound_https","mode":"managed","type":"aws_security_group_rule","name":"outbound_https","provider_name":"registry.terraform.io/hashicorp/aws","schema_version":2,"values":{"cidr_blocks":["0.0.0.0/0"],"description":null,"from_port":443,"ipv6_cidr_blocks":null,"prefix_list_ids":null,"protocol":"tcp","security_group_id":"module.spoke.module.spoke1_vpc.aws_security_group.app.id","self":false,"to_port":443,"type":"egress"}},{"address":"module.spoke.module.spoke1_vpc.aws_security_group_rule.outbound_ssh","mode":"managed","type":"aws_security_group_rule","name":"outbound_ssh","provider_name":"registry.terraform.io/hashicorp/aws","schema_version":2,"values":{"cidr_blocks":["10.200.0.0/16"],"description":null,"from_port":22,"ipv6_cidr_blocks":null,"prefix_list_ids":null,"protocol":"tcp","security_group_id":"module.spoke.module.spoke1_vpc.aws_security_group.app.id","self":false,"to_port":22,"type":"egress"}},{"address":"module.spoke.module.spoke1_vpc.aws_subnet.subnet","mode":"managed","type":"aws_subnet","name":"subnet","provider_name":"registry.terraform.io/hashicorp/aws","schema_version":1,"values":{"assign_ipv6_address_on_creation":false,"cidr_block":"10.100.10.0/24","customer_owned_ipv4_pool":null,"ipv6_cidr_block":null,"map_customer_owned_ip_on_launch":null,"map_public_ip_on_launch":false,"outpost_arn":null,"tags":{"Environment":"testing","Name":"spoke1"},"tags_all":{"Environment":"testing","Name":"spoke1"},"timeouts":null,"vpc_id":"module.spoke.module.spoke1_vpc.aws_vpc.vpc.id"}},{"address":"module.spoke.module.spoke1_vpc.aws_vpc.vpc","mode":"managed","type":"aws_vpc","name":"vpc","provider_name":"registry.terraform.io/hashicorp/aws","schema_version":1,"values":{"assign_generated_ipv6_cidr_block":false,"cidr_block":"10.100.0.0/16","enable_dns_hostnames":true,"enable_dns_support":true,"instance_tenancy":"default","tags":{"Environment":"testing","Name":"spoke1_vpc","x-chkp-vpn":"transitvpc-management/transitvpc-community"},"tags_all":{"Environment":"testing","Name":"spoke1_vpc","x-chkp-vpn":"transitvpc-management/transitvpc-community"}}}],"address":"module.spoke.module.spoke1_vpc"}]},{"resources":[{"address":"module.transit.aws_route.gws_to_mgmt","mode":"managed","type":"aws_route","name":"gws_to_mgmt","provider_name":"registry.terraform.io/hashicorp/aws","schema_version":0,"values":{"carrier_gateway_id":null,"destination_cidr_block":"10.50.1.0/24","destination_ipv6_cidr_block":null,"destination_prefix_list_id":null,"egress_only_gateway_id":null,"gateway_id":null,"local_gateway_id":null,"nat_gateway_id":null,"route_table_id":"module.transit.module.transit_vpc.aws_route_table.private[0].id","timeouts":null,"transit_gateway_id":null,"vpc_endpoint_id":null,"vpc_peering_connection_id":"module.transit.aws_vpc_peering_connection.peering.id"}},{"address":"module.transit.aws_route.mgmt_to_gwA","mode":"managed","type":"aws_route","name":"mgmt_to_gwA","provider_name":"registry.terraform.io/hashicorp/aws","schema_version":0,"values":{"carrier_gateway_id":null,"destination_cidr_block":"10.60.10.0/24","destination_ipv6_cidr_block":null,"destination_prefix_list_id":null,"egress_only_gateway_id":null,"gateway_id":null,"local_gateway_id":null,"nat_gateway_id":null,"route_table_id":"module.transit.module.mgmt_vpc.aws_route_table.public[0].id","timeouts":null,"transit_gateway_id":null,"vpc_endpoint_id":null,"vpc_peering_connection_id":"module.transit.aws_vpc_peering_connection.peering.id"}},{"address":"module.transit.aws_route.mgmt_to_gwB","mode":"managed","type":"aws_route","name":"mgmt_to_gwB","provider_name":"registry.terraform.io/hashicorp/aws","schema_version":0,"values":{"carrier_gateway_id":null,"destination_cidr_block":"10.60.20.0/24","destination_ipv6_cidr_block":null,"destination_prefix_list_id":null,"egress_only_gateway_id":null,"gateway_id":null,"local_gateway_id":null,"nat_gateway_id":null,"route_table_id":"module.transit.module.mgmt_vpc.aws_route_table.public[0].id","timeouts":null,"transit_gateway_id":null,"vpc_endpoint_id":null,"vpc_peering_connection_id":"module.transit.aws_vpc_peering_connection.peering.id"}},{"address":"module.transit.aws_vpc_peering_connection.peering","mode":"managed","type":"aws_vpc_peering_connection","name":"peering","provider_name":"registry.terraform.io/hashicorp/aws","schema_version":0,"values":{"accepter":[],"auto_accept":true,"peer_vpc_id":"module.transit.module.transit_vpc.aws_vpc.vpc.id","requester":[],"tags":null,"timeouts":null,"vpc_id":"module.transit.module.mgmt_vpc.aws_vpc.vpc.id"}},{"address":"module.transit.aws_vpc_peering_connection_options.peering","mode":"managed","type":"aws_vpc_peering_connection_options","name":"peering","provider_name":"registry.terraform.io/hashicorp/aws","schema_version":0,"values":{"accepter":[{"allow_classic_link_to_remote_vpc":null,"allow_remote_vpc_dns_resolution":true,"allow_vpc_to_remote_classic_link":null}],"requester":[{"allow_classic_link_to_remote_vpc":null,"allow_remote_vpc_dns_resolution":true,"allow_vpc_to_remote_classic_link":null}],"vpc_peering_connection_id":"module.transit.aws_vpc_peering_connection.peering.id"}}],"address":"module.transit","child_modules":[{"resources":[{"address":"module.transit.module.mgmt.aws_iam_instance_profile.management","mode":"managed","type":"aws_iam_instance_profile","name":"management","provider_name":"registry.terraform.io/hashicorp/aws","schema_version":0,"values":{"name_prefix":null,"path":"/","role":"module.transit.module.mgmt.aws_iam_role.management.name","tags":null}},{"address":"module.transit.module.mgmt.aws_iam_policy.management","mode":"managed","type":"aws_iam_policy","name":"management","provider_name":"registry.terraform.io/hashicorp/aws","schema_version":0,"values":{"description":null,"name_prefix":null,"path":"/","policy":"{\n  \"Version\": \"2012-10-17\",\n  \"Statement\": [\n    {\n      \"Sid\": \"ChkpManagementServerReadCreatePermissions\",\n      \"Effect\": \"Allow\",\n      \"Action\": [\n        \"elasticloadbalancing:DescribeTargetHealth\",\n        \"elasticloadbalancing:DescribeTargetGroups\",\n        \"elasticloadbalancing:DescribeTags\",\n        \"elasticloadbalancing:DescribeRules\",\n        \"elasticloadbalancing:DescribeLoadBalancers\",\n        \"elasticloadbalancing:DescribeListeners\",\n        \"ec2:GetTransitGatewayAttachmentPropagations\",\n        \"ec2:EnableVgwRoutePropagation\",\n        \"ec2:EnableTransitGatewayRouteTablePropagation\",\n        \"ec2:DisassociateTransitGatewayRouteTable\",\n        \"ec2:DisableVgwRoutePropagation\",\n        \"ec2:DisableTransitGatewayRouteTablePropagation\",\n        \"ec2:DetachVpnGateway\",\n        \"ec2:DescribeVpnGateways\",\n        \"ec2:DescribeVpnConnections\",\n        \"ec2:DescribeVpcs\",\n        \"ec2:DescribeTransitGateways\",\n        \"ec2:DescribeTransitGatewayRouteTables\",\n        \"ec2:DescribeTransitGatewayAttachments\",\n        \"ec2:DescribeSubnets\",\n        \"ec2:DescribeSecurityGroups\",\n        \"ec2:DescribeRouteTables\",\n        \"ec2:DescribeNetworkInterfaces\",\n        \"ec2:DescribeInstances\",\n        \"ec2:DescribeCustomerGateways\",\n        \"ec2:DeleteVpnGateway\",\n        \"ec2:DeleteVpnConnection\",\n        \"ec2:DeleteCustomerGateway\",\n        \"ec2:CreateVpnGateway\",\n        \"ec2:CreateVpnConnection\",\n        \"ec2:CreateCustomerGateway\",\n        \"ec2:AttachVpnGateway\",\n        \"ec2:AssociateTransitGatewayRouteTable\",\n        \"cloudformation:DescribeStacks\",\n        \"cloudformation:DescribeStackResources\",\n        \"cloudformation:DeleteStack\",\n        \"cloudformation:CreateStack\",\n        \"autoscaling:DescribeAutoScalingGroups\"\n      ],\n      \"Resource\": \"*\"\n    }\n  ]\n}","tags":null}},{"address":"module.transit.module.mgmt.aws_iam_role.management","mode":"managed","type":"aws_iam_role","name":"management","provider_name":"registry.terraform.io/hashicorp/aws","schema_version":0,"values":{"assume_role_policy":"{\n  \"Version\": \"2012-10-17\",\n  \"Statement\": [\n    {\n      \"Sid\": \"AssumeRole\",\n      \"Effect\": \"Allow\",\n      \"Action\": \"sts:AssumeRole\",\n      \"Principal\": {\n        \"Service\": \"ec2.amazonaws.com\"\n      }\n    }\n  ]\n}","description":null,"force_detach_policies":false,"inline_policy":[],"max_session_duration":3600,"name_prefix":null,"path":"/","permissions_boundary":null,"tags":null}},{"address":"module.transit.module.mgmt.aws_iam_role_policy_attachment.management","mode":"managed","type":"aws_iam_role_policy_attachment","name":"management","provider_name":"registry.terraform.io/hashicorp/aws","schema_version":0,"values":{"policy_arn":"module.transit.module.mgmt.aws_iam_policy.management.arn","role":"module.transit.module.mgmt.aws_iam_role.management.name"}},{"address":"module.transit.module.mgmt.aws_instance.management","mode":"managed","type":"aws_instance","name":"management","provider_name":"registry.terraform.io/hashicorp/aws","schema_version":1,"values":{"ami":"ami-0ee02acd56a52998e","capacity_reservation_specification":[],"credit_specification":[],"disable_api_termination":null,"ebs_block_device":[{"delete_on_termination":null,"device_name":"/dev/xvda","encrypted":null,"iops":null,"kms_key_id":null,"snapshot_id":null,"tags":null,"throughput":null,"volume_id":null,"volume_size":100,"volume_type":"gp2"}],"ebs_optimized":null,"enclave_options":[],"ephemeral_block_device":[],"get_password_data":false,"hibernation":null,"iam_instance_profile":"module.transit.module.mgmt.aws_iam_instance_profile.management.name","instance_type":"m5.large","key_name":"aws_key_pair.key.id","metadata_options":[],"monitoring":null,"network_interface":[{"delete_on_termination":null,"device_index":0,"network_interface_id":"module.transit.module.mgmt.aws_network_interface.management.id"}],"root_block_device":[],"source_dest_check":null,"tags":{"Name":"chkp-mgmt"},"tags_all":{"Name":"chkp-mgmt"},"timeouts":null,"user_data":null,"user_data_base64":"ICAgICMhL2Jpbi9iYXNoCiAgICBlY2hvCg==","volume_tags":null}},{"address":"module.transit.module.mgmt.aws_network_acl_rule.inbound_admin_18190","mode":"managed","type":"aws_network_acl_rule","name":"inbound_admin_18190","provider_name":"registry.terraform.io/hashicorp/aws","schema_version":0,"values":{"cidr_block":"81.47.147.15/32","egress":false,"from_port":18190,"icmp_code":null,"icmp_type":null,"ipv6_cidr_block":null,"network_acl_id":"module.transit.module.mgmt_vpc.aws_network_acl.public[0].id","protocol":"tcp","rule_action":"allow","rule_number":102,"to_port":18190}},{"address":"module.transit.module.mgmt.aws_network_acl_rule.inbound_admin_19009","mode":"managed","type":"aws_network_acl_rule","name":"inbound_admin_19009","provider_name":"registry.terraform.io/hashicorp/aws","schema_version":0,"values":{"cidr_block":"81.47.147.15/32","egress":false,"from_port":19009,"icmp_code":null,"icmp_type":null,"ipv6_cidr_block":null,"network_acl_id":"module.transit.module.mgmt_vpc.aws_network_acl.public[0].id","protocol":"tcp","rule_action":"allow","rule_number":103,"to_port":19009}},{"address":"module.transit.module.mgmt.aws_network_acl_rule.inbound_admin_22","mode":"managed","type":"aws_network_acl_rule","name":"inbound_admin_22","provider_name":"registry.terraform.io/hashicorp/aws","schema_version":0,"values":{"cidr_block":"81.47.147.15/32","egress":false,"from_port":22,"icmp_code":null,"icmp_type":null,"ipv6_cidr_block":null,"network_acl_id":"module.transit.module.mgmt_vpc.aws_network_acl.public[0].id","protocol":"tcp","rule_action":"allow","rule_number":100,"to_port":22}},{"address":"module.transit.module.mgmt.aws_network_acl_rule.inbound_admin_443","mode":"managed","type":"aws_network_acl_rule","name":"inbound_admin_443","provider_name":"registry.terraform.io/hashicorp/aws","schema_version":0,"values":{"cidr_block":"81.47.147.15/32","egress":false,"from_port":443,"icmp_code":null,"icmp_type":null,"ipv6_cidr_block":null,"network_acl_id":"module.transit.module.mgmt_vpc.aws_network_acl.public[0].id","protocol":"tcp","rule_action":"allow","rule_number":101,"to_port":443}},{"address":"module.transit.module.mgmt.aws_network_acl_rule.inbound_ephemeral","mode":"managed","type":"aws_network_acl_rule","name":"inbound_ephemeral","provider_name":"registry.terraform.io/hashicorp/aws","schema_version":0,"values":{"cidr_block":"0.0.0.0/0","egress":false,"from_port":1024,"icmp_code":null,"icmp_type":null,"ipv6_cidr_block":null,"network_acl_id":"module.transit.module.mgmt_vpc.aws_network_acl.public[0].id","protocol":"tcp","rule_action":"allow","rule_number":99,"to_port":65535}},{"address":"module.transit.module.mgmt.aws_network_acl_rule.inbound_transit_gw_A","mode":"managed","type":"aws_network_acl_rule","name":"inbound_transit_gw_A","provider_name":"registry.terraform.io/hashicorp/aws","schema_version":0,"values":{"cidr_block":"10.60.10.0/24","egress":false,"from_port":0,"icmp_code":null,"icmp_type":null,"ipv6_cidr_block":null,"network_acl_id":"module.transit.module.mgmt_vpc.aws_network_acl.public[0].id","protocol":"-1","rule_action":"allow","rule_number":200,"to_port":65535}},{"address":"module.transit.module.mgmt.aws_network_acl_rule.inbound_transit_gw_B","mode":"managed","type":"aws_network_acl_rule","name":"inbound_transit_gw_B","provider_name":"registry.terraform.io/hashicorp/aws","schema_version":0,"values":{"cidr_block":"10.60.20.0/24","egress":false,"from_port":0,"icmp_code":null,"icmp_type":null,"ipv6_cidr_block":null,"network_acl_id":"module.transit.module.mgmt_vpc.aws_network_acl.public[0].id","protocol":"-1","rule_action":"allow","rule_number":201,"to_port":65535}},{"address":"module.transit.module.mgmt.aws_network_acl_rule.outbound","mode":"managed","type":"aws_network_acl_rule","name":"outbound","provider_name":"registry.terraform.io/hashicorp/aws","schema_version":0,"values":{"cidr_block":"0.0.0.0/0","egress":true,"from_port":0,"icmp_code":null,"icmp_type":null,"ipv6_cidr_block":null,"network_acl_id":"module.transit.module.mgmt_vpc.aws_network_acl.public[0].id","protocol":"-1","rule_action":"allow","rule_number":104,"to_port":65535}},{"address":"module.transit.module.mgmt.aws_network_interface.management","mode":"managed","type":"aws_network_interface","name":"management","provider_name":"registry.terraform.io/hashicorp/aws","schema_version":0,"values":{"attachment":[],"description":"eth0","security_groups":["module.transit.module.mgmt.aws_security_group.management.id"],"source_dest_check":true,"subnet_id":"module.transit.module.mgmt_vpc.aws_subnet.public[10.50.1.0/24].id","tags":null}},{"address":"module.transit.module.mgmt.aws_security_group.management","mode":"managed","type":"aws_security_group","name":"management","provider_name":"registry.terraform.io/hashicorp/aws","schema_version":1,"values":{"description":"SG for Checkpoint Cloudguard Management Server","revoke_rules_on_delete":false,"tags":{"Name":"transitvpc-management-chkp-mgmt"},"tags_all":{"Name":"transitvpc-management-chkp-mgmt"},"timeouts":null,"vpc_id":"module.transit.module.mgmt_vpc.aws_vpc.vpc.id"}},{"address":"module.transit.module.mgmt.aws_security_group_rule.outbound","mode":"managed","type":"aws_security_group_rule","name":"outbound","provider_name":"registry.terraform.io/hashicorp/aws","schema_version":2,"values":{"cidr_blocks":["0.0.0.0/0"],"description":null,"from_port":0,"ipv6_cidr_blocks":null,"prefix_list_ids":null,"protocol":"-1","security_group_id":"module.transit.module.mgmt.aws_security_group.management.id","self":false,"to_port":65535,"type":"egress"}},{"address":"module.transit.module.mgmt.aws_security_group_rule.tcp_18190","mode":"managed","type":"aws_security_group_rule","name":"tcp_18190","provider_name":"registry.terraform.io/hashicorp/aws","schema_version":2,"values":{"cidr_blocks":["81.47.147.15/32"],"description":null,"from_port":18190,"ipv6_cidr_blocks":null,"prefix_list_ids":null,"protocol":"tcp","security_group_id":"module.transit.module.mgmt.aws_security_group.management.id","self":false,"to_port":18190,"type":"ingress"}},{"address":"module.transit.module.mgmt.aws_security_group_rule.tcp_18191_18192","mode":"managed","type":"aws_security_group_rule","name":"tcp_18191_18192","provider_name":"registry.terraform.io/hashicorp/aws","schema_version":2,"values":{"cidr_blocks":["10.60.10.0/24","10.60.20.0/24"],"description":null,"from_port":18191,"ipv6_cidr_blocks":null,"prefix_list_ids":null,"protocol":"tcp","security_group_id":"module.transit.module.mgmt.aws_security_group.management.id","self":false,"to_port":18192,"type":"ingress"}},{"address":"module.transit.module.mgmt.aws_security_group_rule.tcp_18210_18211","mode":"managed","type":"aws_security_group_rule","name":"tcp_18210_18211","provider_name":"registry.terraform.io/hashicorp/aws","schema_version":2,"values":{"cidr_blocks":["10.60.10.0/24","10.60.20.0/24"],"description":null,"from_port":18210,"ipv6_cidr_blocks":null,"prefix_list_ids":null,"protocol":"tcp","security_group_id":"module.transit.module.mgmt.aws_security_group.management.id","self":false,"to_port":18211,"type":"ingress"}},{"address":"module.transit.module.mgmt.aws_security_group_rule.tcp_18221","mode":"managed","type":"aws_security_group_rule","name":"tcp_18221","provider_name":"registry.terraform.io/hashicorp/aws","schema_version":2,"values":{"cidr_blocks":["10.60.10.0/24","10.60.20.0/24"],"description":null,"from_port":18221,"ipv6_cidr_blocks":null,"prefix_list_ids":null,"protocol":"tcp","security_group_id":"module.transit.module.mgmt.aws_security_group.management.id","self":false,"to_port":18221,"type":"ingress"}},{"address":"module.transit.module.mgmt.aws_security_group_rule.tcp_18264","mode":"managed","type":"aws_security_group_rule","name":"tcp_18264","provider_name":"registry.terraform.io/hashicorp/aws","schema_version":2,"values":{"cidr_blocks":["10.60.10.0/24","10.60.20.0/24"],"description":null,"from_port":18264,"ipv6_cidr_blocks":null,"prefix_list_ids":null,"protocol":"tcp","security_group_id":"module.transit.module.mgmt.aws_security_group.management.id","self":false,"to_port":18264,"type":"ingress"}},{"address":"module.transit.module.mgmt.aws_security_group_rule.tcp_19009","mode":"managed","type":"aws_security_group_rule","name":"tcp_19009","provider_name":"registry.terraform.io/hashicorp/aws","schema_version":2,"values":{"cidr_blocks":["81.47.147.15/32"],"description":null,"from_port":19009,"ipv6_cidr_blocks":null,"prefix_list_ids":null,"protocol":"tcp","security_group_id":"module.transit.module.mgmt.aws_security_group.management.id","self":false,"to_port":19009,"type":"ingress"}},{"address":"module.transit.module.mgmt.aws_security_group_rule.tcp_22","mode":"managed","type":"aws_security_group_rule","name":"tcp_22","provider_name":"registry.terraform.io/hashicorp/aws","schema_version":2,"values":{"cidr_blocks":["81.47.147.15/32"],"description":null,"from_port":22,"ipv6_cidr_blocks":null,"prefix_list_ids":null,"protocol":"tcp","security_group_id":"module.transit.module.mgmt.aws_security_group.management.id","self":false,"to_port":22,"type":"ingress"}},{"address":"module.transit.module.mgmt.aws_security_group_rule.tcp_257","mode":"managed","type":"aws_security_group_rule","name":"tcp_257","provider_name":"registry.terraform.io/hashicorp/aws","schema_version":2,"values":{"cidr_blocks":["10.60.10.0/24","10.60.20.0/24"],"description":null,"from_port":257,"ipv6_cidr_blocks":null,"prefix_list_ids":null,"protocol":"tcp","security_group_id":"module.transit.module.mgmt.aws_security_group.management.id","self":false,"to_port":257,"type":"ingress"}},{"address":"module.transit.module.mgmt.aws_security_group_rule.tcp_443","mode":"managed","type":"aws_security_group_rule","name":"tcp_443","provider_name":"registry.terraform.io/hashicorp/aws","schema_version":2,"values":{"cidr_blocks":["81.47.147.15/32"],"description":null,"from_port":443,"ipv6_cidr_blocks":null,"prefix_list_ids":null,"protocol":"tcp","security_group_id":"module.transit.module.mgmt.aws_security_group.management.id","self":false,"to_port":443,"type":"ingress"}}],"address":"module.transit.module.mgmt"},{"resources":[{"address":"module.transit.module.transit_vpc.aws_default_network_acl.default","mode":"managed","type":"aws_default_network_acl","name":"default","provider_name":"registry.terraform.io/hashicorp/aws","schema_version":0,"values":{"default_network_acl_id":"module.transit.module.transit_vpc.aws_vpc.vpc.default_network_acl_id","egress":[],"ingress":[],"subnet_ids":null,"tags":null}},{"address":"module.transit.module.transit_vpc.aws_default_security_group.default","mode":"managed","type":"aws_default_security_group","name":"default","provider_name":"registry.terraform.io/hashicorp/aws","schema_version":1,"values":{"revoke_rules_on_delete":false,"tags":null,"vpc_id":"module.transit.module.transit_vpc.aws_vpc.vpc.id"}},{"address":"module.transit.module.transit_vpc.aws_internet_gateway.igw[0]","mode":"managed","type":"aws_internet_gateway","name":"igw","index":0,"provider_name":"registry.terraform.io/hashicorp/aws","schema_version":0,"values":{"tags":{"Environment":"testing","Name":"chkp_transit_vpc"},"tags_all":{"Environment":"testing","Name":"chkp_transit_vpc"},"vpc_id":"module.transit.module.transit_vpc.aws_vpc.vpc.id"}},{"address":"module.transit.module.transit_vpc.aws_network_acl.private[0]","mode":"managed","type":"aws_network_acl","name":"private","index":0,"provider_name":"registry.terraform.io/hashicorp/aws","schema_version":0,"values":{"subnet_ids":["module.transit.module.transit_vpc.aws_subnet.private[10.60.10.0/24].id","module.transit.module.transit_vpc.aws_subnet.private[10.60.20.0/24].id"],"tags":{"Environment":"testing","Name":"chkp_transit_vpc-private"},"tags_all":{"Environment":"testing","Name":"chkp_transit_vpc-private"},"vpc_id":"module.transit.module.transit_vpc.aws_vpc.vpc.id"}},{"address":"module.transit.module.transit_vpc.aws_network_acl.public[0]","mode":"managed","type":"aws_network_acl","name":"public","index":0,"provider_name":"registry.terraform.io/hashicorp/aws","schema_version":0,"values":{"subnet_ids":["module.transit.module.transit_vpc.aws_subnet.public[10.60.1.0/24].id","module.transit.module.transit_vpc.aws_subnet.public[10.60.2.0/24].id"],"tags":{"Environment":"testing","Name":"chkp_transit_vpc-public"},"tags_all":{"Environment":"testing","Name":"chkp_transit_vpc-public"},"vpc_id":"module.transit.module.transit_vpc.aws_vpc.vpc.id"}},{"address":"module.transit.module.transit_vpc.aws_route.public[0]","mode":"managed","type":"aws_route","name":"public","index":0,"provider_name":"registry.terraform.io/hashicorp/aws","schema_version":0,"values":{"carrier_gateway_id":null,"destination_cidr_block":"0.0.0.0/0","destination_ipv6_cidr_block":null,"destination_prefix_list_id":null,"egress_only_gateway_id":null,"gateway_id":"module.transit.module.transit_vpc.aws_internet_gateway.igw[0].id","local_gateway_id":null,"nat_gateway_id":null,"route_table_id":"module.transit.module.transit_vpc.aws_route_table.public[0].id","timeouts":null,"transit_gateway_id":null,"vpc_endpoint_id":null,"vpc_peering_connection_id":null}},{"address":"module.transit.module.transit_vpc.aws_route_table.private[0]","mode":"managed","type":"aws_route_table","name":"private","index":0,"provider_name":"registry.terraform.io/hashicorp/aws","schema_version":0,"values":{"tags":{"Environment":"testing","Name":"chkp_transit_vpc-private"},"tags_all":{"Environment":"testing","Name":"chkp_transit_vpc-private"},"vpc_id":"module.transit.module.transit_vpc.aws_vpc.vpc.id"}},{"address":"module.transit.module.transit_vpc.aws_route_table.public[0]","mode":"managed","type":"aws_route_table","name":"public","index":0,"provider_name":"registry.terraform.io/hashicorp/aws","schema_version":0,"values":{"tags":{"Environment":"testing","Name":"chkp_transit_vpc-public"},"tags_all":{"Environment":"testing","Name":"chkp_transit_vpc-public"},"vpc_id":"module.transit.module.transit_vpc.aws_vpc.vpc.id"}},{"address":"module.transit.module.transit_vpc.aws_route_table_association.private[0]","mode":"managed","type":"aws_route_table_association","name":"private","index":0,"provider_name":"registry.terraform.io/hashicorp/aws","schema_version":0,"values":{"gateway_id":null,"route_table_id":"module.transit.module.transit_vpc.aws_route_table.private[0].id","subnet_id":"module.transit.module.transit_vpc.aws_subnet.private[10.60.10.0/24].id"}},{"address":"module.transit.module.transit_vpc.aws_route_table_association.private[1]","mode":"managed","type":"aws_route_table_association","name":"private","index":1,"provider_name":"registry.terraform.io/hashicorp/aws","schema_version":0,"values":{"gateway_id":null,"route_table_id":"module.transit.module.transit_vpc.aws_route_table.private[0].id","subnet_id":"module.transit.module.transit_vpc.aws_subnet.private[10.60.20.0/24].id"}},{"address":"module.transit.module.transit_vpc.aws_route_table_association.public[0]","mode":"managed","type":"aws_route_table_association","name":"public","index":0,"provider_name":"registry.terraform.io/hashicorp/aws","schema_version":0,"values":{"gateway_id":null,"route_table_id":"module.transit.module.transit_vpc.aws_route_table.public[0].id","subnet_id":"module.transit.module.transit_vpc.aws_subnet.public[10.60.1.0/24].id"}},{"address":"module.transit.module.transit_vpc.aws_route_table_association.public[1]","mode":"managed","type":"aws_route_table_association","name":"public","index":1,"provider_name":"registry.terraform.io/hashicorp/aws","schema_version":0,"values":{"gateway_id":null,"route_table_id":"module.transit.module.transit_vpc.aws_route_table.public[0].id","subnet_id":"module.transit.module.transit_vpc.aws_subnet.public[10.60.2.0/24].id"}},{"address":"module.transit.module.transit_vpc.aws_subnet.private[\"10.60.10.0/24\"]","mode":"managed","type":"aws_subnet","name":"private","index":"10.60.10.0/24","provider_name":"registry.terraform.io/hashicorp/aws","schema_version":1,"values":{"assign_ipv6_address_on_creation":false,"availability_zone":"us-east-1a","cidr_block":"10.60.10.0/24","customer_owned_ipv4_pool":null,"ipv6_cidr_block":null,"map_customer_owned_ip_on_launch":null,"map_public_ip_on_launch":false,"outpost_arn":null,"tags":{"Environment":"testing","Name":"chkp_transit_vpc-privateA"},"tags_all":{"Environment":"testing","Name":"chkp_transit_vpc-privateA"},"timeouts":null,"vpc_id":"module.transit.module.transit_vpc.aws_vpc.vpc.id"}},{"address":"module.transit.module.transit_vpc.aws_subnet.private[\"10.60.20.0/24\"]","mode":"managed","type":"aws_subnet","name":"private","index":"10.60.20.0/24","provider_name":"registry.terraform.io/hashicorp/aws","schema_version":1,"values":{"assign_ipv6_address_on_creation":false,"availability_zone":"us-east-1b","cidr_block":"10.60.20.0/24","customer_owned_ipv4_pool":null,"ipv6_cidr_block":null,"map_customer_owned_ip_on_launch":null,"map_public_ip_on_launch":false,"outpost_arn":null,"tags":{"Environment":"testing","Name":"chkp_transit_vpc-privateB"},"tags_all":{"Environment":"testing","Name":"chkp_transit_vpc-privateB"},"timeouts":null,"vpc_id":"module.transit.module.transit_vpc.aws_vpc.vpc.id"}},{"address":"module.transit.module.transit_vpc.aws_subnet.public[\"10.60.1.0/24\"]","mode":"managed","type":"aws_subnet","name":"public","index":"10.60.1.0/24","provider_name":"registry.terraform.io/hashicorp/aws","schema_version":1,"values":{"assign_ipv6_address_on_creation":false,"availability_zone":"us-east-1a","cidr_block":"10.60.1.0/24","customer_owned_ipv4_pool":null,"ipv6_cidr_block":null,"map_customer_owned_ip_on_launch":null,"map_public_ip_on_launch":true,"outpost_arn":null,"tags":{"Environment":"testing","Name":"chkp_transit_vpc-publicA"},"tags_all":{"Environment":"testing","Name":"chkp_transit_vpc-publicA"},"timeouts":null,"vpc_id":"module.transit.module.transit_vpc.aws_vpc.vpc.id"}},{"address":"module.transit.module.transit_vpc.aws_subnet.public[\"10.60.2.0/24\"]","mode":"managed","type":"aws_subnet","name":"public","index":"10.60.2.0/24","provider_name":"registry.terraform.io/hashicorp/aws","schema_version":1,"values":{"assign_ipv6_address_on_creation":false,"availability_zone":"us-east-1b","cidr_block":"10.60.2.0/24","customer_owned_ipv4_pool":null,"ipv6_cidr_block":null,"map_customer_owned_ip_on_launch":null,"map_public_ip_on_launch":true,"outpost_arn":null,"tags":{"Environment":"testing","Name":"chkp_transit_vpc-publicB"},"tags_all":{"Environment":"testing","Name":"chkp_transit_vpc-publicB"},"timeouts":null,"vpc_id":"module.transit.module.transit_vpc.aws_vpc.vpc.id"}},{"address":"module.transit.module.transit_vpc.aws_vpc.vpc","mode":"managed","type":"aws_vpc","name":"vpc","provider_name":"registry.terraform.io/hashicorp/aws","schema_version":1,"values":{"assign_generated_ipv6_cidr_block":false,"cidr_block":"10.60.0.0/16","enable_dns_hostnames":true,"enable_dns_support":true,"instance_tenancy":"default","tags":{"Environment":"testing","Name":"chkp_transit_vpc"},"tags_all":{"Environment":"testing","Name":"chkp_transit_vpc"}}}],"address":"module.transit.module.transit_vpc"},{"resources":[{"address":"module.transit.module.mgmt_vpc.aws_default_network_acl.default","mode":"managed","type":"aws_default_network_acl","name":"default","provider_name":"registry.terraform.io/hashicorp/aws","schema_version":0,"values":{"default_network_acl_id":"module.transit.module.mgmt_vpc.aws_vpc.vpc.default_network_acl_id","egress":[],"ingress":[],"subnet_ids":null,"tags":null}},{"address":"module.transit.module.mgmt_vpc.aws_default_security_group.default","mode":"managed","type":"aws_default_security_group","name":"default","provider_name":"registry.terraform.io/hashicorp/aws","schema_version":1,"values":{"revoke_rules_on_delete":false,"tags":null,"vpc_id":"module.transit.module.mgmt_vpc.aws_vpc.vpc.id"}},{"address":"module.transit.module.mgmt_vpc.aws_internet_gateway.igw[0]","mode":"managed","type":"aws_internet_gateway","name":"igw","index":0,"provider_name":"registry.terraform.io/hashicorp/aws","schema_version":0,"values":{"tags":{"Environment":"testing","Name":"chkp_mgmt_vpc"},"tags_all":{"Environment":"testing","Name":"chkp_mgmt_vpc"},"vpc_id":"module.transit.module.mgmt_vpc.aws_vpc.vpc.id"}},{"address":"module.transit.module.mgmt_vpc.aws_network_acl.public[0]","mode":"managed","type":"aws_network_acl","name":"public","index":0,"provider_name":"registry.terraform.io/hashicorp/aws","schema_version":0,"values":{"subnet_ids":["module.transit.module.mgmt_vpc.aws_subnet.public[10.50.1.0/24].id"],"tags":{"Environment":"testing","Name":"chkp_mgmt_vpc-public"},"tags_all":{"Environment":"testing","Name":"chkp_mgmt_vpc-public"},"vpc_id":"module.transit.module.mgmt_vpc.aws_vpc.vpc.id"}},{"address":"module.transit.module.mgmt_vpc.aws_route.public[0]","mode":"managed","type":"aws_route","name":"public","index":0,"provider_name":"registry.terraform.io/hashicorp/aws","schema_version":0,"values":{"carrier_gateway_id":null,"destination_cidr_block":"0.0.0.0/0","destination_ipv6_cidr_block":null,"destination_prefix_list_id":null,"egress_only_gateway_id":null,"gateway_id":"module.transit.module.mgmt_vpc.aws_internet_gateway.igw[0].id","local_gateway_id":null,"nat_gateway_id":null,"route_table_id":"module.transit.module.mgmt_vpc.aws_route_table.public[0].id","timeouts":null,"transit_gateway_id":null,"vpc_endpoint_id":null,"vpc_peering_connection_id":null}},{"address":"module.transit.module.mgmt_vpc.aws_route_table.public[0]","mode":"managed","type":"aws_route_table","name":"public","index":0,"provider_name":"registry.terraform.io/hashicorp/aws","schema_version":0,"values":{"tags":{"Environment":"testing","Name":"chkp_mgmt_vpc-public"},"tags_all":{"Environment":"testing","Name":"chkp_mgmt_vpc-public"},"vpc_id":"module.transit.module.mgmt_vpc.aws_vpc.vpc.id"}},{"address":"module.transit.module.mgmt_vpc.aws_route_table_association.public[0]","mode":"managed","type":"aws_route_table_association","name":"public","index":0,"provider_name":"registry.terraform.io/hashicorp/aws","schema_version":0,"values":{"gateway_id":null,"route_table_id":"module.transit.module.mgmt_vpc.aws_route_table.public[0].id","subnet_id":"module.transit.module.mgmt_vpc.aws_subnet.public[10.50.1.0/24].id"}},{"address":"module.transit.module.mgmt_vpc.aws_subnet.public[\"10.50.1.0/24\"]","mode":"managed","type":"aws_subnet","name":"public","index":"10.50.1.0/24","provider_name":"registry.terraform.io/hashicorp/aws","schema_version":1,"values":{"assign_ipv6_address_on_creation":false,"availability_zone":"us-east-1a","cidr_block":"10.50.1.0/24","customer_owned_ipv4_pool":null,"ipv6_cidr_block":null,"map_customer_owned_ip_on_launch":null,"map_public_ip_on_launch":true,"outpost_arn":null,"tags":{"Environment":"testing","Name":"chkp_mgmt_vpc-public"},"tags_all":{"Environment":"testing","Name":"chkp_mgmt_vpc-public"},"timeouts":null,"vpc_id":"module.transit.module.mgmt_vpc.aws_vpc.vpc.id"}},{"address":"module.transit.module.mgmt_vpc.aws_vpc.vpc","mode":"managed","type":"aws_vpc","name":"vpc","provider_name":"registry.terraform.io/hashicorp/aws","schema_version":1,"values":{"assign_generated_ipv6_cidr_block":false,"cidr_block":"10.50.0.0/16","enable_dns_hostnames":true,"enable_dns_support":true,"instance_tenancy":"default","tags":{"Environment":"testing","Name":"chkp_mgmt_vpc"},"tags_all":{"Environment":"testing","Name":"chkp_mgmt_vpc"}}}],"address":"module.transit.module.mgmt_vpc"},{"resources":[{"address":"module.transit.module.cloudguard_gateway_A.aws_eip.public","mode":"managed","type":"aws_eip","name":"public","provider_name":"registry.terraform.io/hashicorp/aws","schema_version":0,"values":{"address":null,"associate_with_private_ip":null,"customer_owned_ipv4_pool":null,"network_interface":"module.transit.module.cloudguard_gateway_A.aws_network_interface.public.id","tags":null,"timeouts":null,"vpc":true}},{"address":"module.transit.module.cloudguard_gateway_A.aws_instance.gateway","mode":"managed","type":"aws_instance","name":"gateway","provider_name":"registry.terraform.io/hashicorp/aws","schema_version":1,"values":{"ami":"ami-0ee02acd56a52998e","capacity_reservation_specification":[],"credit_specification":[],"disable_api_termination":null,"ebs_block_device":[],"ebs_optimized":null,"enclave_options":[],"ephemeral_block_device":[],"get_password_data":false,"hibernation":null,"iam_instance_profile":null,"instance_type":"c5.large","key_name":"aws_key_pair.key.id","metadata_options":[],"monitoring":null,"network_interface":[{"delete_on_termination":null,"device_index":0,"network_interface_id":"module.transit.module.cloudguard_gateway_A.aws_network_interface.public.id"},{"delete_on_termination":null,"device_index":1,"network_interface_id":"module.transit.module.cloudguard_gateway_A.aws_network_interface.private.id"}],"root_block_device":[],"source_dest_check":null,"tags":{"Name":"gatewayA","x-chkp-tags+":"management=transitvpc-management+template=transitvpc-template+ip-address=private"},"timeouts":null,"user_data":"    #!/bin/bash\n    echo\n","user_data_base64":null,"volume_tags":null}},{"address":"module.transit.module.cloudguard_gateway_A.aws_network_acl_rule.private_inbound","mode":"managed","type":"aws_network_acl_rule","name":"private_inbound","provider_name":"registry.terraform.io/hashicorp/aws","schema_version":0,"values":{"cidr_block":"10.50.1.0/24","egress":false,"from_port":0,"icmp_code":null,"icmp_type":null,"ipv6_cidr_block":null,"network_acl_id":"module.transit.module.transit_vpc.aws_network_acl.private[0].id","protocol":"-1","rule_action":"allow","rule_number":100,"to_port":65535}},{"address":"module.transit.module.cloudguard_gateway_A.aws_network_acl_rule.private_outbound","mode":"managed","type":"aws_network_acl_rule","name":"private_outbound","provider_name":"registry.terraform.io/hashicorp/aws","schema_version":0,"values":{"cidr_block":"10.50.1.0/24","egress":true,"from_port":0,"icmp_code":null,"icmp_type":null,"ipv6_cidr_block":null,"network_acl_id":"module.transit.module.transit_vpc.aws_network_acl.private[0].id","protocol":"-1","rule_action":"allow","rule_number":100,"to_port":65535}},{"address":"module.transit.module.cloudguard_gateway_A.aws_network_acl_rule.public_inbound","mode":"managed","type":"aws_network_acl_rule","name":"public_inbound","provider_name":"registry.terraform.io/hashicorp/aws","schema_version":0,"values":{"cidr_block":"0.0.0.0/0","egress":false,"from_port":0,"icmp_code":null,"icmp_type":null,"ipv6_cidr_block":null,"network_acl_id":"module.transit.module.transit_vpc.aws_network_acl.public[0].id","protocol":"-1","rule_action":"allow","rule_number":100,"to_port":65535}},{"address":"module.transit.module.cloudguard_gateway_A.aws_network_acl_rule.public_outbound","mode":"managed","type":"aws_network_acl_rule","name":"public_outbound","provider_name":"registry.terraform.io/hashicorp/aws","schema_version":0,"values":{"cidr_block":"0.0.0.0/0","egress":true,"from_port":0,"icmp_code":null,"icmp_type":null,"ipv6_cidr_block":null,"network_acl_id":"module.transit.module.transit_vpc.aws_network_acl.public[0].id","protocol":"-1","rule_action":"allow","rule_number":100,"to_port":65535}},{"address":"module.transit.module.cloudguard_gateway_A.aws_network_interface.private","mode":"managed","type":"aws_network_interface","name":"private","provider_name":"registry.terraform.io/hashicorp/aws","schema_version":0,"values":{"attachment":[],"description":"Internal","security_groups":["module.transit.module.cloudguard_gateway_A.aws_security_group.private.id"],"source_dest_check":false,"subnet_id":"module.transit.module.transit_vpc.aws_subnet.private[10.60.10.0/24].id","tags":{"x-chkp-anti-spoofing":"false","x-chkp-topology":"internal"},"tags_all":{"x-chkp-anti-spoofing":"false","x-chkp-topology":"internal"}}},{"address":"module.transit.module.cloudguard_gateway_A.aws_network_interface.public","mode":"managed","type":"aws_network_interface","name":"public","provider_name":"registry.terraform.io/hashicorp/aws","schema_version":0,"values":{"attachment":[],"description":"External","security_groups":["module.transit.module.cloudguard_gateway_A.aws_security_group.public.id"],"source_dest_check":false,"subnet_id":"module.transit.module.transit_vpc.aws_subnet.public[10.60.1.0/24].id","tags":null}},{"address":"module.transit.module.cloudguard_gateway_A.aws_security_group.private","mode":"managed","type":"aws_security_group","name":"private","provider_name":"registry.terraform.io/hashicorp/aws","schema_version":1,"values":{"description":"SG for CloudGuard Gateway private interface","revoke_rules_on_delete":false,"tags":{"Environment":"testing","Name":"transitvpc-gatewayA-private-cg_gateway"},"tags_all":{"Environment":"testing","Name":"transitvpc-gatewayA-private-cg_gateway"},"timeouts":null,"vpc_id":"module.transit.module.transit_vpc.aws_vpc.vpc.id"}},{"address":"module.transit.module.cloudguard_gateway_A.aws_security_group.public","mode":"managed","type":"aws_security_group","name":"public","provider_name":"registry.terraform.io/hashicorp/aws","schema_version":1,"values":{"description":"SG for CloudGuard Gateway public interface","revoke_rules_on_delete":false,"tags":{"Environment":"testing","Name":"transitvpc-gatewayA-public-cg_gateway"},"tags_all":{"Environment":"testing","Name":"transitvpc-gatewayA-public-cg_gateway"},"timeouts":null,"vpc_id":"module.transit.module.transit_vpc.aws_vpc.vpc.id"}},{"address":"module.transit.module.cloudguard_gateway_A.aws_security_group_rule.inbound_123","mode":"managed","type":"aws_security_group_rule","name":"inbound_123","provider_name":"registry.terraform.io/hashicorp/aws","schema_version":2,"values":{"cidr_blocks":null,"description":null,"from_port":123,"ipv6_cidr_blocks":null,"prefix_list_ids":null,"protocol":"udp","security_group_id":"module.transit.module.cloudguard_gateway_A.aws_security_group.private.id","self":false,"source_security_group_id":"module.transit.module.mgmt.aws_security_group.management.id","to_port":123,"type":"ingress"}},{"address":"module.transit.module.cloudguard_gateway_A.aws_security_group_rule.inbound_161","mode":"managed","type":"aws_security_group_rule","name":"inbound_161","provider_name":"registry.terraform.io/hashicorp/aws","schema_version":2,"values":{"cidr_blocks":null,"description":null,"from_port":161,"ipv6_cidr_blocks":null,"prefix_list_ids":null,"protocol":"udp","security_group_id":"module.transit.module.cloudguard_gateway_A.aws_security_group.private.id","self":false,"source_security_group_id":"module.transit.module.mgmt.aws_security_group.management.id","to_port":161,"type":"ingress"}},{"address":"module.transit.module.cloudguard_gateway_A.aws_security_group_rule.inbound_18183","mode":"managed","type":"aws_security_group_rule","name":"inbound_18183","provider_name":"registry.terraform.io/hashicorp/aws","schema_version":2,"values":{"cidr_blocks":null,"description":null,"from_port":18183,"ipv6_cidr_blocks":null,"prefix_list_ids":null,"protocol":"tcp","security_group_id":"module.transit.module.cloudguard_gateway_A.aws_security_group.private.id","self":false,"source_security_group_id":"module.transit.module.mgmt.aws_security_group.management.id","to_port":18183,"type":"ingress"}},{"address":"module.transit.module.cloudguard_gateway_A.aws_security_group_rule.inbound_18187","mode":"managed","type":"aws_security_group_rule","name":"inbound_18187","provider_name":"registry.terraform.io/hashicorp/aws","schema_version":2,"values":{"cidr_blocks":null,"description":null,"from_port":18187,"ipv6_cidr_blocks":null,"prefix_list_ids":null,"protocol":"tcp","security_group_id":"module.transit.module.cloudguard_gateway_A.aws_security_group.private.id","self":false,"source_security_group_id":"module.transit.module.mgmt.aws_security_group.management.id","to_port":18187,"type":"ingress"}},{"address":"module.transit.module.cloudguard_gateway_A.aws_security_group_rule.inbound_18191_18192","mode":"managed","type":"aws_security_group_rule","name":"inbound_18191_18192","provider_name":"registry.terraform.io/hashicorp/aws","schema_version":2,"values":{"cidr_blocks":null,"description":null,"from_port":18191,"ipv6_cidr_blocks":null,"prefix_list_ids":null,"protocol":"tcp","security_group_id":"module.transit.module.cloudguard_gateway_A.aws_security_group.private.id","self":false,"source_security_group_id":"module.transit.module.mgmt.aws_security_group.management.id","to_port":18192,"type":"ingress"}},{"address":"module.transit.module.cloudguard_gateway_A.aws_security_group_rule.inbound_18202","mode":"managed","type":"aws_security_group_rule","name":"inbound_18202","provider_name":"registry.terraform.io/hashicorp/aws","schema_version":2,"values":{"cidr_blocks":null,"description":null,"from_port":18202,"ipv6_cidr_blocks":null,"prefix_list_ids":null,"protocol":"tcp","security_group_id":"module.transit.module.cloudguard_gateway_A.aws_security_group.private.id","self":false,"source_security_group_id":"module.transit.module.mgmt.aws_security_group.management.id","to_port":18202,"type":"ingress"}},{"address":"module.transit.module.cloudguard_gateway_A.aws_security_group_rule.inbound_18208","mode":"managed","type":"aws_security_group_rule","name":"inbound_18208","provider_name":"registry.terraform.io/hashicorp/aws","schema_version":2,"values":{"cidr_blocks":null,"description":null,"from_port":18208,"ipv6_cidr_blocks":null,"prefix_list_ids":null,"protocol":"tcp","security_group_id":"module.transit.module.cloudguard_gateway_A.aws_security_group.private.id","self":false,"source_security_group_id":"module.transit.module.mgmt.aws_security_group.management.id","to_port":18208,"type":"ingress"}},{"address":"module.transit.module.cloudguard_gateway_A.aws_security_group_rule.inbound_18211","mode":"managed","type":"aws_security_group_rule","name":"inbound_18211","provider_name":"registry.terraform.io/hashicorp/aws","schema_version":2,"values":{"cidr_blocks":null,"description":null,"from_port":18211,"ipv6_cidr_blocks":null,"prefix_list_ids":null,"protocol":"tcp","security_group_id":"module.transit.module.cloudguard_gateway_A.aws_security_group.private.id","self":false,"source_security_group_id":"module.transit.module.mgmt.aws_security_group.management.id","to_port":18211,"type":"ingress"}},{"address":"module.transit.module.cloudguard_gateway_A.aws_security_group_rule.inbound_21","mode":"managed","type":"aws_security_group_rule","name":"inbound_21","provider_name":"registry.terraform.io/hashicorp/aws","schema_version":2,"values":{"cidr_blocks":null,"description":null,"from_port":21,"ipv6_cidr_blocks":null,"prefix_list_ids":null,"protocol":"tcp","security_group_id":"module.transit.module.cloudguard_gateway_A.aws_security_group.private.id","self":false,"source_security_group_id":"module.transit.module.mgmt.aws_security_group.management.id","to_port":21,"type":"ingress"}},{"address":"module.transit.module.cloudguard_gateway_A.aws_security_group_rule.inbound_22","mode":"managed","type":"aws_security_group_rule","name":"inbound_22","provider_name":"registry.terraform.io/hashicorp/aws","schema_version":2,"values":{"cidr_blocks":null,"description":null,"from_port":22,"ipv6_cidr_blocks":null,"prefix_list_ids":null,"protocol":"tcp","security_group_id":"module.transit.module.cloudguard_gateway_A.aws_security_group.private.id","self":false,"source_security_group_id":"module.transit.module.mgmt.aws_security_group.management.id","to_port":22,"type":"ingress"}},{"address":"module.transit.module.cloudguard_gateway_A.aws_security_group_rule.inbound_256","mode":"managed","type":"aws_security_group_rule","name":"inbound_256","provider_name":"registry.terraform.io/hashicorp/aws","schema_version":2,"values":{"cidr_blocks":null,"description":null,"from_port":256,"ipv6_cidr_blocks":null,"prefix_list_ids":null,"protocol":"tcp","security_group_id":"module.transit.module.cloudguard_gateway_A.aws_security_group.private.id","self":false,"source_security_group_id":"module.transit.module.mgmt.aws_security_group.management.id","to_port":256,"type":"ingress"}},{"address":"module.transit.module.cloudguard_gateway_A.aws_security_group_rule.inbound_389","mode":"managed","type":"aws_security_group_rule","name":"inbound_389","provider_name":"registry.terraform.io/hashicorp/aws","schema_version":2,"values":{"cidr_blocks":null,"description":null,"from_port":389,"ipv6_cidr_blocks":null,"prefix_list_ids":null,"protocol":"tcp","security_group_id":"module.transit.module.cloudguard_gateway_A.aws_security_group.private.id","self":false,"source_security_group_id":"module.transit.module.mgmt.aws_security_group.management.id","to_port":389,"type":"ingress"}},{"address":"module.transit.module.cloudguard_gateway_A.aws_security_group_rule.inbound_443","mode":"managed","type":"aws_security_group_rule","name":"inbound_443","provider_name":"registry.terraform.io/hashicorp/aws","schema_version":2,"values":{"cidr_blocks":null,"description":null,"from_port":443,"ipv6_cidr_blocks":null,"prefix_list_ids":null,"protocol":"tcp","security_group_id":"module.transit.module.cloudguard_gateway_A.aws_security_group.private.id","self":false,"source_security_group_id":"module.transit.module.mgmt.aws_security_group.management.id","to_port":443,"type":"ingress"}},{"address":"module.transit.module.cloudguard_gateway_A.aws_security_group_rule.inbound_53","mode":"managed","type":"aws_security_group_rule","name":"inbound_53","provider_name":"registry.terraform.io/hashicorp/aws","schema_version":2,"values":{"cidr_blocks":null,"description":null,"from_port":53,"ipv6_cidr_blocks":null,"prefix_list_ids":null,"protocol":"udp","security_group_id":"module.transit.module.cloudguard_gateway_A.aws_security_group.private.id","self":false,"source_security_group_id":"module.transit.module.mgmt.aws_security_group.management.id","to_port":53,"type":"ingress"}},{"address":"module.transit.module.cloudguard_gateway_A.aws_security_group_rule.inbound_636","mode":"managed","type":"aws_security_group_rule","name":"inbound_636","provider_name":"registry.terraform.io/hashicorp/aws","schema_version":2,"values":{"cidr_blocks":null,"description":null,"from_port":636,"ipv6_cidr_blocks":null,"prefix_list_ids":null,"protocol":"tcp","security_group_id":"module.transit.module.cloudguard_gateway_A.aws_security_group.private.id","self":false,"source_security_group_id":"module.transit.module.mgmt.aws_security_group.management.id","to_port":636,"type":"ingress"}},{"address":"module.transit.module.cloudguard_gateway_A.aws_security_group_rule.inbound_69","mode":"managed","type":"aws_security_group_rule","name":"inbound_69","provider_name":"registry.terraform.io/hashicorp/aws","schema_version":2,"values":{"cidr_blocks":null,"description":null,"from_port":69,"ipv6_cidr_blocks":null,"prefix_list_ids":null,"protocol":"udp","security_group_id":"module.transit.module.cloudguard_gateway_A.aws_security_group.private.id","self":false,"source_security_group_id":"module.transit.module.mgmt.aws_security_group.management.id","to_port":69,"type":"ingress"}},{"address":"module.transit.module.cloudguard_gateway_A.aws_security_group_rule.outbound_18191_18192","mode":"managed","type":"aws_security_group_rule","name":"outbound_18191_18192","provider_name":"registry.terraform.io/hashicorp/aws","schema_version":2,"values":{"cidr_blocks":null,"description":null,"from_port":18191,"ipv6_cidr_blocks":null,"prefix_list_ids":null,"protocol":"tcp","security_group_id":"module.transit.module.cloudguard_gateway_A.aws_security_group.private.id","self":false,"source_security_group_id":"module.transit.module.mgmt.aws_security_group.management.id","to_port":18192,"type":"egress"}},{"address":"module.transit.module.cloudguard_gateway_A.aws_security_group_rule.outbound_18210_18211","mode":"managed","type":"aws_security_group_rule","name":"outbound_18210_18211","provider_name":"registry.terraform.io/hashicorp/aws","schema_version":2,"values":{"cidr_blocks":null,"description":null,"from_port":18210,"ipv6_cidr_blocks":null,"prefix_list_ids":null,"protocol":"tcp","security_group_id":"module.transit.module.cloudguard_gateway_A.aws_security_group.private.id","self":false,"source_security_group_id":"module.transit.module.mgmt.aws_security_group.management.id","to_port":18211,"type":"egress"}},{"address":"module.transit.module.cloudguard_gateway_A.aws_security_group_rule.outbound_18221","mode":"managed","type":"aws_security_group_rule","name":"outbound_18221","provider_name":"registry.terraform.io/hashicorp/aws","schema_version":2,"values":{"cidr_blocks":null,"description":null,"from_port":18221,"ipv6_cidr_blocks":null,"prefix_list_ids":null,"protocol":"tcp","security_group_id":"module.transit.module.cloudguard_gateway_A.aws_security_group.private.id","self":false,"source_security_group_id":"module.transit.module.mgmt.aws_security_group.management.id","to_port":18221,"type":"egress"}},{"address":"module.transit.module.cloudguard_gateway_A.aws_security_group_rule.outbound_18264","mode":"managed","type":"aws_security_group_rule","name":"outbound_18264","provider_name":"registry.terraform.io/hashicorp/aws","schema_version":2,"values":{"cidr_blocks":null,"description":null,"from_port":18264,"ipv6_cidr_blocks":null,"prefix_list_ids":null,"protocol":"tcp","security_group_id":"module.transit.module.cloudguard_gateway_A.aws_security_group.private.id","self":false,"source_security_group_id":"module.transit.module.mgmt.aws_security_group.management.id","to_port":18264,"type":"egress"}},{"address":"module.transit.module.cloudguard_gateway_A.aws_security_group_rule.outbound_257","mode":"managed","type":"aws_security_group_rule","name":"outbound_257","provider_name":"registry.terraform.io/hashicorp/aws","schema_version":2,"values":{"cidr_blocks":null,"description":null,"from_port":257,"ipv6_cidr_blocks":null,"prefix_list_ids":null,"protocol":"tcp","security_group_id":"module.transit.module.cloudguard_gateway_A.aws_security_group.private.id","self":false,"source_security_group_id":"module.transit.module.mgmt.aws_security_group.management.id","to_port":257,"type":"egress"}},{"address":"module.transit.module.cloudguard_gateway_A.aws_security_group_rule.public_inbound","mode":"managed","type":"aws_security_group_rule","name":"public_inbound","provider_name":"registry.terraform.io/hashicorp/aws","schema_version":2,"values":{"cidr_blocks":["0.0.0.0/0"],"description":null,"from_port":0,"ipv6_cidr_blocks":null,"prefix_list_ids":null,"protocol":"-1","security_group_id":"module.transit.module.cloudguard_gateway_A.aws_security_group.public.id","self":false,"to_port":0,"type":"ingress"}},{"address":"module.transit.module.cloudguard_gateway_A.aws_security_group_rule.public_outbound","mode":"managed","type":"aws_security_group_rule","name":"public_outbound","provider_name":"registry.terraform.io/hashicorp/aws","schema_version":2,"values":{"cidr_blocks":["0.0.0.0/0"],"description":null,"from_port":0,"ipv6_cidr_blocks":null,"prefix_list_ids":null,"protocol":"-1","security_group_id":"module.transit.module.cloudguard_gateway_A.aws_security_group.public.id","self":false,"to_port":0,"type":"egress"}},{"address":"module.transit.module.cloudguard_gateway_A.data.aws_subnet.private","mode":"data","type":"aws_subnet","name":"private","provider_name":"registry.terraform.io/hashicorp/aws","schema_version":0,"values":{"filter":[],"id":"module.transit.module.transit_vpc.aws_subnet.private[10.60.10.0/24].id"}},{"address":"module.transit.module.cloudguard_gateway_A.data.aws_subnet.public","mode":"data","type":"aws_subnet","name":"public","provider_name":"registry.terraform.io/hashicorp/aws","schema_version":0,"values":{"filter":[],"id":"module.transit.module.transit_vpc.aws_subnet.public[10.60.1.0/24].id"}}],"address":"module.transit.module.cloudguard_gateway_A"},{"resources":[{"address":"module.transit.module.cloudguard_gateway_B.aws_eip.public","mode":"managed","type":"aws_eip","name":"public","provider_name":"registry.terraform.io/hashicorp/aws","schema_version":0,"values":{"address":null,"associate_with_private_ip":null,"customer_owned_ipv4_pool":null,"network_interface":"module.transit.module.cloudguard_gateway_B.aws_network_interface.public.id","tags":null,"timeouts":null,"vpc":true}},{"address":"module.transit.module.cloudguard_gateway_B.aws_instance.gateway","mode":"managed","type":"aws_instance","name":"gateway","provider_name":"registry.terraform.io/hashicorp/aws","schema_version":1,"values":{"ami":"ami-0ee02acd56a52998e","capacity_reservation_specification":[],"credit_specification":[],"disable_api_termination":null,"ebs_block_device":[],"ebs_optimized":null,"enclave_options":[],"ephemeral_block_device":[],"get_password_data":false,"hibernation":null,"iam_instance_profile":null,"instance_type":"c5.large","key_name":"aws_key_pair.key.id","metadata_options":[],"monitoring":null,"network_interface":[{"delete_on_termination":null,"device_index":0,"network_interface_id":"module.transit.module.cloudguard_gateway_B.aws_network_interface.public.id"},{"delete_on_termination":null,"device_index":1,"network_interface_id":"module.transit.module.cloudguard_gateway_B.aws_network_interface.private.id"}],"root_block_device":[],"source_dest_check":null,"tags":{"Name":"gatewayB","x-chkp-tags+":"management=transitvpc-management+template=transitvpc-template+ip-address=private"},"timeouts":null,"user_data":"    #!/bin/bash\n    echo\n","user_data_base64":null,"volume_tags":null}},{"address":"module.transit.module.cloudguard_gateway_B.aws_network_acl_rule.private_inbound","mode":"managed","type":"aws_network_acl_rule","name":"private_inbound","provider_name":"registry.terraform.io/hashicorp/aws","schema_version":0,"values":{"cidr_block":"10.50.1.0/24","egress":false,"from_port":0,"icmp_code":null,"icmp_type":null,"ipv6_cidr_block":null,"network_acl_id":"module.transit.module.transit_vpc.aws_network_acl.private[0].id","protocol":"-1","rule_action":"allow","rule_number":100,"to_port":65535}},{"address":"module.transit.module.cloudguard_gateway_B.aws_network_acl_rule.private_outbound","mode":"managed","type":"aws_network_acl_rule","name":"private_outbound","provider_name":"registry.terraform.io/hashicorp/aws","schema_version":0,"values":{"cidr_block":"10.50.1.0/24","egress":true,"from_port":0,"icmp_code":null,"icmp_type":null,"ipv6_cidr_block":null,"network_acl_id":"module.transit.module.transit_vpc.aws_network_acl.private[0].id","protocol":"-1","rule_action":"allow","rule_number":100,"to_port":65535}},{"address":"module.transit.module.cloudguard_gateway_B.aws_network_acl_rule.public_inbound","mode":"managed","type":"aws_network_acl_rule","name":"public_inbound","provider_name":"registry.terraform.io/hashicorp/aws","schema_version":0,"values":{"cidr_block":"0.0.0.0/0","egress":false,"from_port":0,"icmp_code":null,"icmp_type":null,"ipv6_cidr_block":null,"network_acl_id":"module.transit.module.transit_vpc.aws_network_acl.public[0].id","protocol":"-1","rule_action":"allow","rule_number":100,"to_port":65535}},{"address":"module.transit.module.cloudguard_gateway_B.aws_network_acl_rule.public_outbound","mode":"managed","type":"aws_network_acl_rule","name":"public_outbound","provider_name":"registry.terraform.io/hashicorp/aws","schema_version":0,"values":{"cidr_block":"0.0.0.0/0","egress":true,"from_port":0,"icmp_code":null,"icmp_type":null,"ipv6_cidr_block":null,"network_acl_id":"module.transit.module.transit_vpc.aws_network_acl.public[0].id","protocol":"-1","rule_action":"allow","rule_number":100,"to_port":65535}},{"address":"module.transit.module.cloudguard_gateway_B.aws_network_interface.private","mode":"managed","type":"aws_network_interface","name":"private","provider_name":"registry.terraform.io/hashicorp/aws","schema_version":0,"values":{"attachment":[],"description":"Internal","security_groups":["module.transit.module.cloudguard_gateway_B.aws_security_group.private.id"],"source_dest_check":false,"subnet_id":"module.transit.module.transit_vpc.aws_subnet.private[10.60.20.0/24].id","tags":{"x-chkp-anti-spoofing":"false","x-chkp-topology":"internal"},"tags_all":{"x-chkp-anti-spoofing":"false","x-chkp-topology":"internal"}}},{"address":"module.transit.module.cloudguard_gateway_B.aws_network_interface.public","mode":"managed","type":"aws_network_interface","name":"public","provider_name":"registry.terraform.io/hashicorp/aws","schema_version":0,"values":{"attachment":[],"description":"External","security_groups":["module.transit.module.cloudguard_gateway_B.aws_security_group.public.id"],"source_dest_check":false,"subnet_id":"module.transit.module.transit_vpc.aws_subnet.public[10.60.2.0/24].id","tags":null}},{"address":"module.transit.module.cloudguard_gateway_B.aws_security_group.private","mode":"managed","type":"aws_security_group","name":"private","provider_name":"registry.terraform.io/hashicorp/aws","schema_version":1,"values":{"description":"SG for CloudGuard Gateway private interface","revoke_rules_on_delete":false,"tags":{"Environment":"testing","Name":"transitvpc-gatewayB-private-cg_gateway"},"tags_all":{"Environment":"testing","Name":"transitvpc-gatewayB-private-cg_gateway"},"timeouts":null,"vpc_id":"module.transit.module.transit_vpc.aws_vpc.vpc.id"}},{"address":"module.transit.module.cloudguard_gateway_B.aws_security_group.public","mode":"managed","type":"aws_security_group","name":"public","provider_name":"registry.terraform.io/hashicorp/aws","schema_version":1,"values":{"description":"SG for CloudGuard Gateway public interface","revoke_rules_on_delete":false,"tags":{"Environment":"testing","Name":"transitvpc-gatewayB-public-cg_gateway"},"tags_all":{"Environment":"testing","Name":"transitvpc-gatewayB-public-cg_gateway"},"timeouts":null,"vpc_id":"module.transit.module.transit_vpc.aws_vpc.vpc.id"}},{"address":"module.transit.module.cloudguard_gateway_B.aws_security_group_rule.inbound_123","mode":"managed","type":"aws_security_group_rule","name":"inbound_123","provider_name":"registry.terraform.io/hashicorp/aws","schema_version":2,"values":{"cidr_blocks":null,"description":null,"from_port":123,"ipv6_cidr_blocks":null,"prefix_list_ids":null,"protocol":"udp","security_group_id":"module.transit.module.cloudguard_gateway_B.aws_security_group.private.id","self":false,"source_security_group_id":"module.transit.module.mgmt.aws_security_group.management.id","to_port":123,"type":"ingress"}},{"address":"module.transit.module.cloudguard_gateway_B.aws_security_group_rule.inbound_161","mode":"managed","type":"aws_security_group_rule","name":"inbound_161","provider_name":"registry.terraform.io/hashicorp/aws","schema_version":2,"values":{"cidr_blocks":null,"description":null,"from_port":161,"ipv6_cidr_blocks":null,"prefix_list_ids":null,"protocol":"udp","security_group_id":"module.transit.module.cloudguard_gateway_B.aws_security_group.private.id","self":false,"source_security_group_id":"module.transit.module.mgmt.aws_security_group.management.id","to_port":161,"type":"ingress"}},{"address":"module.transit.module.cloudguard_gateway_B.aws_security_group_rule.inbound_18183","mode":"managed","type":"aws_security_group_rule","name":"inbound_18183","provider_name":"registry.terraform.io/hashicorp/aws","schema_version":2,"values":{"cidr_blocks":null,"description":null,"from_port":18183,"ipv6_cidr_blocks":null,"prefix_list_ids":null,"protocol":"tcp","security_group_id":"module.transit.module.cloudguard_gateway_B.aws_security_group.private.id","self":false,"source_security_group_id":"module.transit.module.mgmt.aws_security_group.management.id","to_port":18183,"type":"ingress"}},{"address":"module.transit.module.cloudguard_gateway_B.aws_security_group_rule.inbound_18187","mode":"managed","type":"aws_security_group_rule","name":"inbound_18187","provider_name":"registry.terraform.io/hashicorp/aws","schema_version":2,"values":{"cidr_blocks":null,"description":null,"from_port":18187,"ipv6_cidr_blocks":null,"prefix_list_ids":null,"protocol":"tcp","security_group_id":"module.transit.module.cloudguard_gateway_B.aws_security_group.private.id","self":false,"source_security_group_id":"module.transit.module.mgmt.aws_security_group.management.id","to_port":18187,"type":"ingress"}},{"address":"module.transit.module.cloudguard_gateway_B.aws_security_group_rule.inbound_18191_18192","mode":"managed","type":"aws_security_group_rule","name":"inbound_18191_18192","provider_name":"registry.terraform.io/hashicorp/aws","schema_version":2,"values":{"cidr_blocks":null,"description":null,"from_port":18191,"ipv6_cidr_blocks":null,"prefix_list_ids":null,"protocol":"tcp","security_group_id":"module.transit.module.cloudguard_gateway_B.aws_security_group.private.id","self":false,"source_security_group_id":"module.transit.module.mgmt.aws_security_group.management.id","to_port":18192,"type":"ingress"}},{"address":"module.transit.module.cloudguard_gateway_B.aws_security_group_rule.inbound_18202","mode":"managed","type":"aws_security_group_rule","name":"inbound_18202","provider_name":"registry.terraform.io/hashicorp/aws","schema_version":2,"values":{"cidr_blocks":null,"description":null,"from_port":18202,"ipv6_cidr_blocks":null,"prefix_list_ids":null,"protocol":"tcp","security_group_id":"module.transit.module.cloudguard_gateway_B.aws_security_group.private.id","self":false,"source_security_group_id":"module.transit.module.mgmt.aws_security_group.management.id","to_port":18202,"type":"ingress"}},{"address":"module.transit.module.cloudguard_gateway_B.aws_security_group_rule.inbound_18208","mode":"managed","type":"aws_security_group_rule","name":"inbound_18208","provider_name":"registry.terraform.io/hashicorp/aws","schema_version":2,"values":{"cidr_blocks":null,"description":null,"from_port":18208,"ipv6_cidr_blocks":null,"prefix_list_ids":null,"protocol":"tcp","security_group_id":"module.transit.module.cloudguard_gateway_B.aws_security_group.private.id","self":false,"source_security_group_id":"module.transit.module.mgmt.aws_security_group.management.id","to_port":18208,"type":"ingress"}},{"address":"module.transit.module.cloudguard_gateway_B.aws_security_group_rule.inbound_18211","mode":"managed","type":"aws_security_group_rule","name":"inbound_18211","provider_name":"registry.terraform.io/hashicorp/aws","schema_version":2,"values":{"cidr_blocks":null,"description":null,"from_port":18211,"ipv6_cidr_blocks":null,"prefix_list_ids":null,"protocol":"tcp","security_group_id":"module.transit.module.cloudguard_gateway_B.aws_security_group.private.id","self":false,"source_security_group_id":"module.transit.module.mgmt.aws_security_group.management.id","to_port":18211,"type":"ingress"}},{"address":"module.transit.module.cloudguard_gateway_B.aws_security_group_rule.inbound_21","mode":"managed","type":"aws_security_group_rule","name":"inbound_21","provider_name":"registry.terraform.io/hashicorp/aws","schema_version":2,"values":{"cidr_blocks":null,"description":null,"from_port":21,"ipv6_cidr_blocks":null,"prefix_list_ids":null,"protocol":"tcp","security_group_id":"module.transit.module.cloudguard_gateway_B.aws_security_group.private.id","self":false,"source_security_group_id":"module.transit.module.mgmt.aws_security_group.management.id","to_port":21,"type":"ingress"}},{"address":"module.transit.module.cloudguard_gateway_B.aws_security_group_rule.inbound_22","mode":"managed","type":"aws_security_group_rule","name":"inbound_22","provider_name":"registry.terraform.io/hashicorp/aws","schema_version":2,"values":{"cidr_blocks":null,"description":null,"from_port":22,"ipv6_cidr_blocks":null,"prefix_list_ids":null,"protocol":"tcp","security_group_id":"module.transit.module.cloudguard_gateway_B.aws_security_group.private.id","self":false,"source_security_group_id":"module.transit.module.mgmt.aws_security_group.management.id","to_port":22,"type":"ingress"}},{"address":"module.transit.module.cloudguard_gateway_B.aws_security_group_rule.inbound_256","mode":"managed","type":"aws_security_group_rule","name":"inbound_256","provider_name":"registry.terraform.io/hashicorp/aws","schema_version":2,"values":{"cidr_blocks":null,"description":null,"from_port":256,"ipv6_cidr_blocks":null,"prefix_list_ids":null,"protocol":"tcp","security_group_id":"module.transit.module.cloudguard_gateway_B.aws_security_group.private.id","self":false,"source_security_group_id":"module.transit.module.mgmt.aws_security_group.management.id","to_port":256,"type":"ingress"}},{"address":"module.transit.module.cloudguard_gateway_B.aws_security_group_rule.inbound_389","mode":"managed","type":"aws_security_group_rule","name":"inbound_389","provider_name":"registry.terraform.io/hashicorp/aws","schema_version":2,"values":{"cidr_blocks":null,"description":null,"from_port":389,"ipv6_cidr_blocks":null,"prefix_list_ids":null,"protocol":"tcp","security_group_id":"module.transit.module.cloudguard_gateway_B.aws_security_group.private.id","self":false,"source_security_group_id":"module.transit.module.mgmt.aws_security_group.management.id","to_port":389,"type":"ingress"}},{"address":"module.transit.module.cloudguard_gateway_B.aws_security_group_rule.inbound_443","mode":"managed","type":"aws_security_group_rule","name":"inbound_443","provider_name":"registry.terraform.io/hashicorp/aws","schema_version":2,"values":{"cidr_blocks":null,"description":null,"from_port":443,"ipv6_cidr_blocks":null,"prefix_list_ids":null,"protocol":"tcp","security_group_id":"module.transit.module.cloudguard_gateway_B.aws_security_group.private.id","self":false,"source_security_group_id":"module.transit.module.mgmt.aws_security_group.management.id","to_port":443,"type":"ingress"}},{"address":"module.transit.module.cloudguard_gateway_B.aws_security_group_rule.inbound_53","mode":"managed","type":"aws_security_group_rule","name":"inbound_53","provider_name":"registry.terraform.io/hashicorp/aws","schema_version":2,"values":{"cidr_blocks":null,"description":null,"from_port":53,"ipv6_cidr_blocks":null,"prefix_list_ids":null,"protocol":"udp","security_group_id":"module.transit.module.cloudguard_gateway_B.aws_security_group.private.id","self":false,"source_security_group_id":"module.transit.module.mgmt.aws_security_group.management.id","to_port":53,"type":"ingress"}},{"address":"module.transit.module.cloudguard_gateway_B.aws_security_group_rule.inbound_636","mode":"managed","type":"aws_security_group_rule","name":"inbound_636","provider_name":"registry.terraform.io/hashicorp/aws","schema_version":2,"values":{"cidr_blocks":null,"description":null,"from_port":636,"ipv6_cidr_blocks":null,"prefix_list_ids":null,"protocol":"tcp","security_group_id":"module.transit.module.cloudguard_gateway_B.aws_security_group.private.id","self":false,"source_security_group_id":"module.transit.module.mgmt.aws_security_group.management.id","to_port":636,"type":"ingress"}},{"address":"module.transit.module.cloudguard_gateway_B.aws_security_group_rule.inbound_69","mode":"managed","type":"aws_security_group_rule","name":"inbound_69","provider_name":"registry.terraform.io/hashicorp/aws","schema_version":2,"values":{"cidr_blocks":null,"description":null,"from_port":69,"ipv6_cidr_blocks":null,"prefix_list_ids":null,"protocol":"udp","security_group_id":"module.transit.module.cloudguard_gateway_B.aws_security_group.private.id","self":false,"source_security_group_id":"module.transit.module.mgmt.aws_security_group.management.id","to_port":69,"type":"ingress"}},{"address":"module.transit.module.cloudguard_gateway_B.aws_security_group_rule.outbound_18191_18192","mode":"managed","type":"aws_security_group_rule","name":"outbound_18191_18192","provider_name":"registry.terraform.io/hashicorp/aws","schema_version":2,"values":{"cidr_blocks":null,"description":null,"from_port":18191,"ipv6_cidr_blocks":null,"prefix_list_ids":null,"protocol":"tcp","security_group_id":"module.transit.module.cloudguard_gateway_B.aws_security_group.private.id","self":false,"source_security_group_id":"module.transit.module.mgmt.aws_security_group.management.id","to_port":18192,"type":"egress"}},{"address":"module.transit.module.cloudguard_gateway_B.aws_security_group_rule.outbound_18210_18211","mode":"managed","type":"aws_security_group_rule","name":"outbound_18210_18211","provider_name":"registry.terraform.io/hashicorp/aws","schema_version":2,"values":{"cidr_blocks":null,"description":null,"from_port":18210,"ipv6_cidr_blocks":null,"prefix_list_ids":null,"protocol":"tcp","security_group_id":"module.transit.module.cloudguard_gateway_B.aws_security_group.private.id","self":false,"source_security_group_id":"module.transit.module.mgmt.aws_security_group.management.id","to_port":18211,"type":"egress"}},{"address":"module.transit.module.cloudguard_gateway_B.aws_security_group_rule.outbound_18221","mode":"managed","type":"aws_security_group_rule","name":"outbound_18221","provider_name":"registry.terraform.io/hashicorp/aws","schema_version":2,"values":{"cidr_blocks":null,"description":null,"from_port":18221,"ipv6_cidr_blocks":null,"prefix_list_ids":null,"protocol":"tcp","security_group_id":"module.transit.module.cloudguard_gateway_B.aws_security_group.private.id","self":false,"source_security_group_id":"module.transit.module.mgmt.aws_security_group.management.id","to_port":18221,"type":"egress"}},{"address":"module.transit.module.cloudguard_gateway_B.aws_security_group_rule.outbound_18264","mode":"managed","type":"aws_security_group_rule","name":"outbound_18264","provider_name":"registry.terraform.io/hashicorp/aws","schema_version":2,"values":{"cidr_blocks":null,"description":null,"from_port":18264,"ipv6_cidr_blocks":null,"prefix_list_ids":null,"protocol":"tcp","security_group_id":"module.transit.module.cloudguard_gateway_B.aws_security_group.private.id","self":false,"source_security_group_id":"module.transit.module.mgmt.aws_security_group.management.id","to_port":18264,"type":"egress"}},{"address":"module.transit.module.cloudguard_gateway_B.aws_security_group_rule.outbound_257","mode":"managed","type":"aws_security_group_rule","name":"outbound_257","provider_name":"registry.terraform.io/hashicorp/aws","schema_version":2,"values":{"cidr_blocks":null,"description":null,"from_port":257,"ipv6_cidr_blocks":null,"prefix_list_ids":null,"protocol":"tcp","security_group_id":"module.transit.module.cloudguard_gateway_B.aws_security_group.private.id","self":false,"source_security_group_id":"module.transit.module.mgmt.aws_security_group.management.id","to_port":257,"type":"egress"}},{"address":"module.transit.module.cloudguard_gateway_B.aws_security_group_rule.public_inbound","mode":"managed","type":"aws_security_group_rule","name":"public_inbound","provider_name":"registry.terraform.io/hashicorp/aws","schema_version":2,"values":{"cidr_blocks":["0.0.0.0/0"],"description":null,"from_port":0,"ipv6_cidr_blocks":null,"prefix_list_ids":null,"protocol":"-1","security_group_id":"module.transit.module.cloudguard_gateway_B.aws_security_group.public.id","self":false,"to_port":0,"type":"ingress"}},{"address":"module.transit.module.cloudguard_gateway_B.aws_security_group_rule.public_outbound","mode":"managed","type":"aws_security_group_rule","name":"public_outbound","provider_name":"registry.terraform.io/hashicorp/aws","schema_version":2,"values":{"cidr_blocks":["0.0.0.0/0"],"description":null,"from_port":0,"ipv6_cidr_blocks":null,"prefix_list_ids":null,"protocol":"-1","security_group_id":"module.transit.module.cloudguard_gateway_B.aws_security_group.public.id","self":false,"to_port":0,"type":"egress"}},{"address":"module.transit.module.cloudguard_gateway_B.data.aws_subnet.private","mode":"data","type":"aws_subnet","name":"private","provider_name":"registry.terraform.io/hashicorp/aws","schema_version":0,"values":{"filter":[],"id":"module.transit.module.transit_vpc.aws_subnet.private[10.60.20.0/24].id"}},{"address":"module.transit.module.cloudguard_gateway_B.data.aws_subnet.public","mode":"data","type":"aws_subnet","name":"public","provider_name":"registry.terraform.io/hashicorp/aws","schema_version":0,"values":{"filter":[],"id":"module.transit.module.transit_vpc.aws_subnet.public[10.60.2.0/24].id"}}],"address":"module.transit.module.cloudguard_gateway_B"}]}]}},"resource_changes":[{"address":"aws_key_pair.key","mode":"managed","type":"aws_key_pair","name":"key","provider_name":"registry.terraform.io/hashicorp/aws","change":{"actions":["create"],"before":null,"after":{"key_name":"madeupkey","key_name_prefix":null,"public_key":"ssh-rsa AAAAB3NzaC1yc2EAAAADAQABAAABAQD3F6tyPEFEzV0LX3X8BsXdMsQz1x2cEikKDEY0aIj41qgxMCP/iteneqXSIFZBp5vizPvaoIR3Um9xK7PGoW8giupGn+EPuxIA4cDM4vzOqOkiMPhz5XK0whEjkVzTo4+S0puvDZuwIsdiW9mxhJc7tgBNL0cYlWSYVkz4G/fslNfRPW5mYAM49f4fhtxPb5ok4Q2Lg9dPKVHO/Bgeu5woMc7RY0p1ej6D4CKFE6lymSDJpW0YHX/wqE9+cfEauh7xZcG0q9t2ta6F6fmX0agvpFyZo8aFbXeUBr7osSCJNgvavWbM/06niWrOvYX2xwWdhXmXSrbX8ZbabVohBK41 email@example.com","tags":null},"after_unknown":{"arn":true,"fingerprint":true,"id":true,"key_pair_id":true,"tags_all":true}}},{"address":"module.spoke.module.spoke1_vpc.aws_default_network_acl.default","module_address":"module.spoke.module.spoke1_vpc","mode":"managed","type":"aws_default_network_acl","name":"default","provider_name":"registry.terraform.io/hashicorp/aws","change":{"actions":["create"],"before":null,"after":{"default_network_acl_id":"module.spoke.module.spoke1_vpc.aws_vpc.vpc.default_network_acl_id","egress":[],"ingress":[],"subnet_ids":null,"tags":null},"after_unknown":{"arn":true,"egress":[],"id":true,"ingress":[],"owner_id":true,"tags_all":true,"vpc_id":true}}},{"address":"module.spoke.module.spoke1_vpc.aws_default_security_group.default","module_address":"module.spoke.module.spoke1_vpc","mode":"managed","type":"aws_default_security_group","name":"default","provider_name":"registry.terraform.io/hashicorp/aws","change":{"actions":["create"],"before":null,"after":{"revoke_rules_on_delete":false,"tags":null,"vpc_id":"module.spoke.module.spoke1_vpc.aws_vpc.vpc.id"},"after_unknown":{"arn":true,"description":true,"egress":true,"id":true,"ingress":true,"name":true,"owner_id":true,"tags_all":true}}},{"address":"module.spoke.module.spoke1_vpc.aws_instance.app","module_address":"module.spoke.module.spoke1_vpc","mode":"managed","type":"aws_instance","name":"app","provider_name":"registry.terraform.io/hashicorp/aws","change":{"actions":["create"],"before":null,"after":{"ami":"ami-0fc61db8544a617ed","capacity_reservation_specification":[],"credit_specification":[],"disable_api_termination":null,"ebs_block_device":[],"ebs_optimized":null,"enclave_options":[],"ephemeral_block_device":[],"get_password_data":false,"hibernation":null,"iam_instance_profile":null,"instance_type":"t2.micro","key_name":"aws_key_pair.key.id","metadata_options":[],"monitoring":null,"network_interface":[],"root_block_device":[],"source_dest_check":true,"subnet_id":"module.spoke.module.spoke1_vpc.aws_subnet.subnet.id","tags":{"Environment":"testing","Name":"spoke1_vpc"},"tags_all":{"Environment":"testing","Name":"spoke1_vpc"},"timeouts":null,"user_data":null,"user_data_base64":null,"volume_tags":null,"vpc_security_group_ids":["module.spoke.module.spoke1_vpc.aws_security_group.app.id"]},"after_unknown":{"arn":true,"associate_public_ip_address":true,"availability_zone":true,"capacity_reservation_specification":[],"cpu_core_count":true,"cpu_threads_per_core":true,"credit_specification":[],"ebs_block_device":[],"enclave_options":[],"ephemeral_block_device":[],"host_id":true,"id":true,"instance_initiated_shutdown_behavior":true,"instance_state":true,"ipv6_address_count":true,"ipv6_addresses":true,"metadata_options":[],"network_interface":[],"outpost_arn":true,"password_data":true,"placement_group":true,"primary_network_interface_id":true,"private_dns":true,"private_ip":true,"public_dns":true,"public_ip":true,"root_block_device":[],"secondary_private_ips":true,"security_groups":true,"tags":{},"tags_all":{},"tenancy":true,"vpc_security_group_ids":[false]}}},{"address":"module.spoke.module.spoke1_vpc.aws_network_acl.nacl","module_address":"module.spoke.module.spoke1_vpc","mode":"managed","type":"aws_network_acl","name":"nacl","provider_name":"registry.terraform.io/hashicorp/aws","change":{"actions":["create"],"before":null,"after":{"subnet_ids":["module.spoke.module.spoke1_vpc.aws_subnet.subnet.id"],"tags":{"Environment":"testing","Name":"spoke1"},"tags_all":{"Environment":"testing","Name":"spoke1"},"vpc_id":"module.spoke.module.spoke1_vpc.aws_vpc.vpc.id"},"after_unknown":{"arn":true,"egress":true,"id":true,"ingress":true,"owner_id":true,"subnet_ids":[false],"tags":{},"tags_all":{}}}},{"address":"module.spoke.module.spoke1_vpc.aws_network_acl_rule.egress_ephemeral","module_address":"module.spoke.module.spoke1_vpc","mode":"managed","type":"aws_network_acl_rule","name":"egress_ephemeral","provider_name":"registry.terraform.io/hashicorp/aws","change":{"actions":["create"],"before":null,"after":{"cidr_block":"0.0.0.0/0","egress":true,"from_port":1024,"icmp_code":null,"icmp_type":null,"ipv6_cidr_block":null,"network_acl_id":"module.spoke.module.spoke1_vpc.aws_network_acl.nacl.id","protocol":"tcp","rule_action":"allow","rule_number":103,"to_port":65535},"after_unknown":{"id":true}}},{"address":"module.spoke.module.spoke1_vpc.aws_network_acl_rule.egress_http","module_address":"module.spoke.module.spoke1_vpc","mode":"managed","type":"aws_network_acl_rule","name":"egress_http","provider_name":"registry.terraform.io/hashicorp/aws","change":{"actions":["create"],"before":null,"after":{"cidr_block":"0.0.0.0/0","egress":true,"from_port":80,"icmp_code":null,"icmp_type":null,"ipv6_cidr_block":null,"network_acl_id":"module.spoke.module.spoke1_vpc.aws_network_acl.nacl.id","protocol":"tcp","rule_action":"allow","rule_number":101,"to_port":80},"after_unknown":{"id":true}}},{"address":"module.spoke.module.spoke1_vpc.aws_network_acl_rule.egress_https","module_address":"module.spoke.module.spoke1_vpc","mode":"managed","type":"aws_network_acl_rule","name":"egress_https","provider_name":"registry.terraform.io/hashicorp/aws","change":{"actions":["create"],"before":null,"after":{"cidr_block":"0.0.0.0/0","egress":true,"from_port":443,"icmp_code":null,"icmp_type":null,"ipv6_cidr_block":null,"network_acl_id":"module.spoke.module.spoke1_vpc.aws_network_acl.nacl.id","protocol":"tcp","rule_action":"allow","rule_number":102,"to_port":443},"after_unknown":{"id":true}}},{"address":"module.spoke.module.spoke1_vpc.aws_network_acl_rule.egress_ssh","module_address":"module.spoke.module.spoke1_vpc","mode":"managed","type":"aws_network_acl_rule","name":"egress_ssh","provider_name":"registry.terraform.io/hashicorp/aws","change":{"actions":["create"],"before":null,"after":{"cidr_block":"10.200.0.0/16","egress":true,"from_port":22,"icmp_code":null,"icmp_type":null,"ipv6_cidr_block":null,"network_acl_id":"module.spoke.module.spoke1_vpc.aws_network_acl.nacl.id","protocol":"tcp","rule_action":"allow","rule_number":100,"to_port":22},"after_unknown":{"id":true}}},{"address":"module.spoke.module.spoke1_vpc.aws_network_acl_rule.inbound_ephemeral","module_address":"module.spoke.module.spoke1_vpc","mode":"managed","type":"aws_network_acl_rule","name":"inbound_ephemeral","provider_name":"registry.terraform.io/hashicorp/aws","change":{"actions":["create"],"before":null,"after":{"cidr_block":"0.0.0.0/0","egress":false,"from_port":1024,"icmp_code":null,"icmp_type":null,"ipv6_cidr_block":null,"network_acl_id":"module.spoke.module.spoke1_vpc.aws_network_acl.nacl.id","protocol":"tcp","rule_action":"allow","rule_number":102,"to_port":65535},"after_unknown":{"id":true}}},{"address":"module.spoke.module.spoke1_vpc.aws_network_acl_rule.inbound_ssh_from_gws","module_address":"module.spoke.module.spoke1_vpc","mode":"managed","type":"aws_network_acl_rule","name":"inbound_ssh_from_gws","provider_name":"registry.terraform.io/hashicorp/aws","change":{"actions":["create"],"before":null,"after":{"cidr_block":"10.60.0.0/16","egress":false,"from_port":22,"icmp_code":null,"icmp_type":null,"ipv6_cidr_block":null,"network_acl_id":"module.spoke.module.spoke1_vpc.aws_network_acl.nacl.id","protocol":"tcp","rule_action":"allow","rule_number":101,"to_port":22},"after_unknown":{"id":true}}},{"address":"module.spoke.module.spoke1_vpc.aws_network_acl_rule.inbound_ssh_from_other_spoke","module_address":"module.spoke.module.spoke1_vpc","mode":"managed","type":"aws_network_acl_rule","name":"inbound_ssh_from_other_spoke","provider_name":"registry.terraform.io/hashicorp/aws","change":{"actions":["create"],"before":null,"after":{"cidr_block":"10.200.0.0/16","egress":false,"from_port":22,"icmp_code":null,"icmp_type":null,"ipv6_cidr_block":null,"network_acl_id":"module.spoke.module.spoke1_vpc.aws_network_acl.nacl.id","protocol":"tcp","rule_action":"allow","rule_number":100,"to_port":22},"after_unknown":{"id":true}}},{"address":"module.spoke.module.spoke1_vpc.aws_security_group.app","module_address":"module.spoke.module.spoke1_vpc","mode":"managed","type":"aws_security_group","name":"app","provider_name":"registry.terraform.io/hashicorp/aws","change":{"actions":["create"],"before":null,"after":{"description":"SG for internal App","revoke_rules_on_delete":false,"tags":{"Environment":"testing","Name":"spoke1_vpc-sg"},"tags_all":{"Environment":"testing","Name":"spoke1_vpc-sg"},"timeouts":null,"vpc_id":"module.spoke.module.spoke1_vpc.aws_vpc.vpc.id"},"after_unknown":{"arn":true,"egress":true,"id":true,"ingress":true,"name":true,"name_prefix":true,"owner_id":true,"tags":{},"tags_all":{}}}},{"address":"module.spoke.module.spoke1_vpc.aws_security_group_rule.inbound_ssh","module_address":"module.spoke.module.spoke1_vpc","mode":"managed","type":"aws_security_group_rule","name":"inbound_ssh","provider_name":"registry.terraform.io/hashicorp/aws","change":{"actions":["create"],"before":null,"after":{"cidr_blocks":["10.60.0.0/16","10.200.0.0/16"],"description":null,"from_port":22,"ipv6_cidr_blocks":null,"prefix_list_ids":null,"protocol":"tcp","security_group_id":"module.spoke.module.spoke1_vpc.aws_security_group.app.id","self":false,"to_port":22,"type":"ingress"},"after_unknown":{"cidr_blocks":[false,false],"id":true,"source_security_group_id":true}}},{"address":"module.spoke.module.spoke1_vpc.aws_security_group_rule.outbound_http","module_address":"module.spoke.module.spoke1_vpc","mode":"managed","type":"aws_security_group_rule","name":"outbound_http","provider_name":"registry.terraform.io/hashicorp/aws","change":{"actions":["create"],"before":null,"after":{"cidr_blocks":["0.0.0.0/0"],"description":null,"from_port":80,"ipv6_cidr_blocks":null,"prefix_list_ids":null,"protocol":"tcp","security_group_id":"module.spoke.module.spoke1_vpc.aws_security_group.app.id","self":false,"to_port":80,"type":"egress"},"after_unknown":{"cidr_blocks":[false],"id":true,"source_security_group_id":true}}},{"address":"module.spoke.module.spoke1_vpc.aws_security_group_rule.outbound_https","module_address":"module.spoke.module.spoke1_vpc","mode":"managed","type":"aws_security_group_rule","name":"outbound_https","provider_name":"registry.terraform.io/hashicorp/aws","change":{"actions":["create"],"before":null,"after":{"cidr_blocks":["0.0.0.0/0"],"description":null,"from_port":443,"ipv6_cidr_blocks":null,"prefix_list_ids":null,"protocol":"tcp","security_group_id":"module.spoke.module.spoke1_vpc.aws_security_group.app.id","self":false,"to_port":443,"type":"egress"},"after_unknown":{"cidr_blocks":[false],"id":true,"source_security_group_id":true}}},{"address":"module.spoke.module.spoke1_vpc.aws_security_group_rule.outbound_ssh","module_address":"module.spoke.module.spoke1_vpc","mode":"managed","type":"aws_security_group_rule","name":"outbound_ssh","provider_name":"registry.terraform.io/hashicorp/aws","change":{"actions":["create"],"before":null,"after":{"cidr_blocks":["10.200.0.0/16"],"description":null,"from_port":22,"ipv6_cidr_blocks":null,"prefix_list_ids":null,"protocol":"tcp","security_group_id":"module.spoke.module.spoke1_vpc.aws_security_group.app.id","self":false,"to_port":22,"type":"egress"},"after_unknown":{"cidr_blocks":[false],"id":true,"source_security_group_id":true}}},{"address":"module.spoke.module.spoke1_vpc.aws_subnet.subnet","module_address":"module.spoke.module.spoke1_vpc","mode":"managed","type":"aws_subnet","name":"subnet","provider_name":"registry.terraform.io/hashicorp/aws","change":{"actions":["create"],"before":null,"after":{"assign_ipv6_address_on_creation":false,"cidr_block":"10.100.10.0/24","customer_owned_ipv4_pool":null,"ipv6_cidr_block":null,"map_customer_owned_ip_on_launch":null,"map_public_ip_on_launch":false,"outpost_arn":null,"tags":{"Environment":"testing","Name":"spoke1"},"tags_all":{"Environment":"testing","Name":"spoke1"},"timeouts":null,"vpc_id":"module.spoke.module.spoke1_vpc.aws_vpc.vpc.id"},"after_unknown":{"arn":true,"availability_zone":true,"availability_zone_id":true,"id":true,"ipv6_cidr_block_association_id":true,"owner_id":true,"tags":{},"tags_all":{}}}},{"address":"module.spoke.module.spoke1_vpc.aws_vpc.vpc","module_address":"module.spoke.module.spoke1_vpc","mode":"managed","type":"aws_vpc","name":"vpc","provider_name":"registry.terraform.io/hashicorp/aws","change":{"actions":["create"],"before":null,"after":{"assign_generated_ipv6_cidr_block":false,"cidr_block":"10.100.0.0/16","enable_dns_hostnames":true,"enable_dns_support":true,"instance_tenancy":"default","tags":{"Environment":"testing","Name":"spoke1_vpc","x-chkp-vpn":"transitvpc-management/transitvpc-community"},"tags_all":{"Environment":"testing","Name":"spoke1_vpc","x-chkp-vpn":"transitvpc-management/transitvpc-community"}},"after_unknown":{"arn":true,"default_network_acl_id":true,"default_route_table_id":true,"default_security_group_id":true,"dhcp_options_id":true,"enable_classiclink":true,"enable_classiclink_dns_support":true,"id":true,"ipv6_association_id":true,"ipv6_cidr_block":true,"main_route_table_id":true,"owner_id":true,"tags":{},"tags_all":{}}}},{"address":"module.spoke.module.spoke2_vpc.aws_default_network_acl.default","module_address":"module.spoke.module.spoke2_vpc","mode":"managed","type":"aws_default_network_acl","name":"default","provider_name":"registry.terraform.io/hashicorp/aws","change":{"actions":["create"],"before":null,"after":{"default_network_acl_id":"module.spoke.module.spoke2_vpc.aws_vpc.vpc.default_network_acl_id","egress":[],"ingress":[],"subnet_ids":null,"tags":null},"after_unknown":{"arn":true,"egress":[],"id":true,"ingress":[],"owner_id":true,"tags_all":true,"vpc_id":true}}},{"address":"module.spoke.module.spoke2_vpc.aws_default_security_group.default","module_address":"module.spoke.module.spoke2_vpc","mode":"managed","type":"aws_default_security_group","name":"default","provider_name":"registry.terraform.io/hashicorp/aws","change":{"actions":["create"],"before":null,"after":{"revoke_rules_on_delete":false,"tags":null,"vpc_id":"module.spoke.module.spoke2_vpc.aws_vpc.vpc.id"},"after_unknown":{"arn":true,"description":true,"egress":true,"id":true,"ingress":true,"name":true,"owner_id":true,"tags_all":true}}},{"address":"module.spoke.module.spoke2_vpc.aws_instance.app","module_address":"module.spoke.module.spoke2_vpc","mode":"managed","type":"aws_instance","name":"app","provider_name":"registry.terraform.io/hashicorp/aws","change":{"actions":["create"],"before":null,"after":{"ami":"ami-0fc61db8544a617ed","capacity_reservation_specification":[],"credit_specification":[],"disable_api_termination":null,"ebs_block_device":[],"ebs_optimized":null,"enclave_options":[],"ephemeral_block_device":[],"get_password_data":false,"hibernation":null,"iam_instance_profile":null,"instance_type":"t2.micro","key_name":"aws_key_pair.key.id","metadata_options":[],"monitoring":null,"network_interface":[],"root_block_device":[],"source_dest_check":true,"subnet_id":"module.spoke.module.spoke2_vpc.aws_subnet.subnet.id","tags":{"Environment":"testing","Name":"spoke2_vpc"},"tags_all":{"Environment":"testing","Name":"spoke2_vpc"},"timeouts":null,"user_data":null,"user_data_base64":null,"volume_tags":null,"vpc_security_group_ids":["module.spoke.module.spoke2_vpc.aws_security_group.app.id"]},"after_unknown":{"arn":true,"associate_public_ip_address":true,"availability_zone":true,"capacity_reservation_specification":[],"cpu_core_count":true,"cpu_threads_per_core":true,"credit_specification":[],"ebs_block_device":[],"enclave_options":[],"ephemeral_block_device":[],"host_id":true,"id":true,"instance_initiated_shutdown_behavior":true,"instance_state":true,"ipv6_address_count":true,"ipv6_addresses":true,"metadata_options":[],"network_interface":[],"outpost_arn":true,"password_data":true,"placement_group":true,"primary_network_interface_id":true,"private_dns":true,"private_ip":true,"public_dns":true,"public_ip":true,"root_block_device":[],"secondary_private_ips":true,"security_groups":true,"tags":{},"tags_all":{},"tenancy":true,"vpc_security_group_ids":[false]}}},{"address":"module.spoke.module.spoke2_vpc.aws_network_acl.nacl","module_address":"module.spoke.module.spoke2_vpc","mode":"managed","type":"aws_network_acl","name":"nacl","provider_name":"registry.terraform.io/hashicorp/aws","change":{"actions":["create"],"before":null,"after":{"subnet_ids":["module.spoke.module.spoke2_vpc.aws_subnet.subnet.id"],"tags":{"Environment":"testing","Name":"spoke2"},"tags_all":{"Environment":"testing","Name":"spoke2"},"vpc_id":"module.spoke.module.spoke2_vpc.aws_vpc.vpc.id"},"after_unknown":{"arn":true,"egress":true,"id":true,"ingress":true,"owner_id":true,"subnet_ids":[false],"tags":{},"tags_all":{}}}},{"address":"module.spoke.module.spoke2_vpc.aws_network_acl_rule.egress_ephemeral","module_address":"module.spoke.module.spoke2_vpc","mode":"managed","type":"aws_network_acl_rule","name":"egress_ephemeral","provider_name":"registry.terraform.io/hashicorp/aws","change":{"actions":["create"],"before":null,"after":{"cidr_block":"0.0.0.0/0","egress":true,"from_port":1024,"icmp_code":null,"icmp_type":null,"ipv6_cidr_block":null,"network_acl_id":"module.spoke.module.spoke2_vpc.aws_network_acl.nacl.id","protocol":"tcp","rule_action":"allow","rule_number":103,"to_port":65535},"after_unknown":{"id":true}}},{"address":"module.spoke.module.spoke2_vpc.aws_network_acl_rule.egress_http","module_address":"module.spoke.module.spoke2_vpc","mode":"managed","type":"aws_network_acl_rule","name":"egress_http","provider_name":"registry.terraform.io/hashicorp/aws","change":{"actions":["create"],"before":null,"after":{"cidr_block":"0.0.0.0/0","egress":true,"from_port":80,"icmp_code":null,"icmp_type":null,"ipv6_cidr_block":null,"network_acl_id":"module.spoke.module.spoke2_vpc.aws_network_acl.nacl.id","protocol":"tcp","rule_action":"allow","rule_number":101,"to_port":80},"after_unknown":{"id":true}}},{"address":"module.spoke.module.spoke2_vpc.aws_network_acl_rule.egress_https","module_address":"module.spoke.module.spoke2_vpc","mode":"managed","type":"aws_network_acl_rule","name":"egress_https","provider_name":"registry.terraform.io/hashicorp/aws","change":{"actions":["create"],"before":null,"after":{"cidr_block":"0.0.0.0/0","egress":true,"from_port":443,"icmp_code":null,"icmp_type":null,"ipv6_cidr_block":null,"network_acl_id":"module.spoke.module.spoke2_vpc.aws_network_acl.nacl.id","protocol":"tcp","rule_action":"allow","rule_number":102,"to_port":443},"after_unknown":{"id":true}}},{"address":"module.spoke.module.spoke2_vpc.aws_network_acl_rule.egress_ssh","module_address":"module.spoke.module.spoke2_vpc","mode":"managed","type":"aws_network_acl_rule","name":"egress_ssh","provider_name":"registry.terraform.io/hashicorp/aws","change":{"actions":["create"],"before":null,"after":{"cidr_block":"10.100.0.0/16","egress":true,"from_port":22,"icmp_code":null,"icmp_type":null,"ipv6_cidr_block":null,"network_acl_id":"module.spoke.module.spoke2_vpc.aws_network_acl.nacl.id","protocol":"tcp","rule_action":"allow","rule_number":100,"to_port":22},"after_unknown":{"id":true}}},{"address":"module.spoke.module.spoke2_vpc.aws_network_acl_rule.inbound_ephemeral","module_address":"module.spoke.module.spoke2_vpc","mode":"managed","type":"aws_network_acl_rule","name":"inbound_ephemeral","provider_name":"registry.terraform.io/hashicorp/aws","change":{"actions":["create"],"before":null,"after":{"cidr_block":"0.0.0.0/0","egress":false,"from_port":1024,"icmp_code":null,"icmp_type":null,"ipv6_cidr_block":null,"network_acl_id":"module.spoke.module.spoke2_vpc.aws_network_acl.nacl.id","protocol":"tcp","rule_action":"allow","rule_number":102,"to_port":65535},"after_unknown":{"id":true}}},{"address":"module.spoke.module.spoke2_vpc.aws_network_acl_rule.inbound_ssh_from_gws","module_address":"module.spoke.module.spoke2_vpc","mode":"managed","type":"aws_network_acl_rule","name":"inbound_ssh_from_gws","provider_name":"registry.terraform.io/hashicorp/aws","change":{"actions":["create"],"before":null,"after":{"cidr_block":"10.60.0.0/16","egress":false,"from_port":22,"icmp_code":null,"icmp_type":null,"ipv6_cidr_block":null,"network_acl_id":"module.spoke.module.spoke2_vpc.aws_network_acl.nacl.id","protocol":"tcp","rule_action":"allow","rule_number":101,"to_port":22},"after_unknown":{"id":true}}},{"address":"module.spoke.module.spoke2_vpc.aws_network_acl_rule.inbound_ssh_from_other_spoke","module_address":"module.spoke.module.spoke2_vpc","mode":"managed","type":"aws_network_acl_rule","name":"inbound_ssh_from_other_spoke","provider_name":"registry.terraform.io/hashicorp/aws","change":{"actions":["create"],"before":null,"after":{"cidr_block":"10.100.0.0/16","egress":false,"from_port":22,"icmp_code":null,"icmp_type":null,"ipv6_cidr_block":null,"network_acl_id":"module.spoke.module.spoke2_vpc.aws_network_acl.nacl.id","protocol":"tcp","rule_action":"allow","rule_number":100,"to_port":22},"after_unknown":{"id":true}}},{"address":"module.spoke.module.spoke2_vpc.aws_security_group.app","module_address":"module.spoke.module.spoke2_vpc","mode":"managed","type":"aws_security_group","name":"app","provider_name":"registry.terraform.io/hashicorp/aws","change":{"actions":["create"],"before":null,"after":{"description":"SG for internal App","revoke_rules_on_delete":false,"tags":{"Environment":"testing","Name":"spoke2_vpc-sg"},"tags_all":{"Environment":"testing","Name":"spoke2_vpc-sg"},"timeouts":null,"vpc_id":"module.spoke.module.spoke2_vpc.aws_vpc.vpc.id"},"after_unknown":{"arn":true,"egress":true,"id":true,"ingress":true,"name":true,"name_prefix":true,"owner_id":true,"tags":{},"tags_all":{}}}},{"address":"module.spoke.module.spoke2_vpc.aws_security_group_rule.inbound_ssh","module_address":"module.spoke.module.spoke2_vpc","mode":"managed","type":"aws_security_group_rule","name":"inbound_ssh","provider_name":"registry.terraform.io/hashicorp/aws","change":{"actions":["create"],"before":null,"after":{"cidr_blocks":["10.60.0.0/16","10.100.0.0/16"],"description":null,"from_port":22,"ipv6_cidr_blocks":null,"prefix_list_ids":null,"protocol":"tcp","security_group_id":"module.spoke.module.spoke2_vpc.aws_security_group.app.id","self":false,"to_port":22,"type":"ingress"},"after_unknown":{"cidr_blocks":[false,false],"id":true,"source_security_group_id":true}}},{"address":"module.spoke.module.spoke2_vpc.aws_security_group_rule.outbound_http","module_address":"module.spoke.module.spoke2_vpc","mode":"managed","type":"aws_security_group_rule","name":"outbound_http","provider_name":"registry.terraform.io/hashicorp/aws","change":{"actions":["create"],"before":null,"after":{"cidr_blocks":["0.0.0.0/0"],"description":null,"from_port":80,"ipv6_cidr_blocks":null,"prefix_list_ids":null,"protocol":"tcp","security_group_id":"module.spoke.module.spoke2_vpc.aws_security_group.app.id","self":false,"to_port":80,"type":"egress"},"after_unknown":{"cidr_blocks":[false],"id":true,"source_security_group_id":true}}},{"address":"module.spoke.module.spoke2_vpc.aws_security_group_rule.outbound_https","module_address":"module.spoke.module.spoke2_vpc","mode":"managed","type":"aws_security_group_rule","name":"outbound_https","provider_name":"registry.terraform.io/hashicorp/aws","change":{"actions":["create"],"before":null,"after":{"cidr_blocks":["0.0.0.0/0"],"description":null,"from_port":443,"ipv6_cidr_blocks":null,"prefix_list_ids":null,"protocol":"tcp","security_group_id":"module.spoke.module.spoke2_vpc.aws_security_group.app.id","self":false,"to_port":443,"type":"egress"},"after_unknown":{"cidr_blocks":[false],"id":true,"source_security_group_id":true}}},{"address":"module.spoke.module.spoke2_vpc.aws_security_group_rule.outbound_ssh","module_address":"module.spoke.module.spoke2_vpc","mode":"managed","type":"aws_security_group_rule","name":"outbound_ssh","provider_name":"registry.terraform.io/hashicorp/aws","change":{"actions":["create"],"before":null,"after":{"cidr_blocks":["10.100.0.0/16"],"description":null,"from_port":22,"ipv6_cidr_blocks":null,"prefix_list_ids":null,"protocol":"tcp","security_group_id":"module.spoke.module.spoke2_vpc.aws_security_group.app.id","self":false,"to_port":22,"type":"egress"},"after_unknown":{"cidr_blocks":[false],"id":true,"source_security_group_id":true}}},{"address":"module.spoke.module.spoke2_vpc.aws_subnet.subnet","module_address":"module.spoke.module.spoke2_vpc","mode":"managed","type":"aws_subnet","name":"subnet","provider_name":"registry.terraform.io/hashicorp/aws","change":{"actions":["create"],"before":null,"after":{"assign_ipv6_address_on_creation":false,"cidr_block":"10.200.10.0/24","customer_owned_ipv4_pool":null,"ipv6_cidr_block":null,"map_customer_owned_ip_on_launch":null,"map_public_ip_on_launch":false,"outpost_arn":null,"tags":{"Environment":"testing","Name":"spoke2"},"tags_all":{"Environment":"testing","Name":"spoke2"},"timeouts":null,"vpc_id":"module.spoke.module.spoke2_vpc.aws_vpc.vpc.id"},"after_unknown":{"arn":true,"availability_zone":true,"availability_zone_id":true,"id":true,"ipv6_cidr_block_association_id":true,"owner_id":true,"tags":{},"tags_all":{}}}},{"address":"module.spoke.module.spoke2_vpc.aws_vpc.vpc","module_address":"module.spoke.module.spoke2_vpc","mode":"managed","type":"aws_vpc","name":"vpc","provider_name":"registry.terraform.io/hashicorp/aws","change":{"actions":["create"],"before":null,"after":{"assign_generated_ipv6_cidr_block":false,"cidr_block":"10.200.0.0/16","enable_dns_hostnames":true,"enable_dns_support":true,"instance_tenancy":"default","tags":{"Environment":"testing","Name":"spoke2_vpc","x-chkp-vpn":"transitvpc-management/transitvpc-community"},"tags_all":{"Environment":"testing","Name":"spoke2_vpc","x-chkp-vpn":"transitvpc-management/transitvpc-community"}},"after_unknown":{"arn":true,"default_network_acl_id":true,"default_route_table_id":true,"default_security_group_id":true,"dhcp_options_id":true,"enable_classiclink":true,"enable_classiclink_dns_support":true,"id":true,"ipv6_association_id":true,"ipv6_cidr_block":true,"main_route_table_id":true,"owner_id":true,"tags":{},"tags_all":{}}}},{"address":"module.transit.aws_route.gws_to_mgmt","module_address":"module.transit","mode":"managed","type":"aws_route","name":"gws_to_mgmt","provider_name":"registry.terraform.io/hashicorp/aws","change":{"actions":["create"],"before":null,"after":{"carrier_gateway_id":null,"destination_cidr_block":"10.50.1.0/24","destination_ipv6_cidr_block":null,"destination_prefix_list_id":null,"egress_only_gateway_id":null,"gateway_id":null,"local_gateway_id":null,"nat_gateway_id":null,"route_table_id":"module.transit.module.transit_vpc.aws_route_table.private[0].id","timeouts":null,"transit_gateway_id":null,"vpc_endpoint_id":null,"vpc_peering_connection_id":"module.transit.aws_vpc_peering_connection.peering.id"},"after_unknown":{"id":true,"instance_id":true,"instance_owner_id":true,"network_interface_id":true,"origin":true,"state":true}}},{"address":"module.transit.aws_route.mgmt_to_gwA","module_address":"module.transit","mode":"managed","type":"aws_route","name":"mgmt_to_gwA","provider_name":"registry.terraform.io/hashicorp/aws","change":{"actions":["create"],"before":null,"after":{"carrier_gateway_id":null,"destination_cidr_block":"10.60.10.0/24","destination_ipv6_cidr_block":null,"destination_prefix_list_id":null,"egress_only_gateway_id":null,"gateway_id":null,"local_gateway_id":null,"nat_gateway_id":null,"route_table_id":"module.transit.module.mgmt_vpc.aws_route_table.public[0].id","timeouts":null,"transit_gateway_id":null,"vpc_endpoint_id":null,"vpc_peering_connection_id":"module.transit.aws_vpc_peering_connection.peering.id"},"after_unknown":{"id":true,"instance_id":true,"instance_owner_id":true,"network_interface_id":true,"origin":true,"state":true}}},{"address":"module.transit.aws_route.mgmt_to_gwB","module_address":"module.transit","mode":"managed","type":"aws_route","name":"mgmt_to_gwB","provider_name":"registry.terraform.io/hashicorp/aws","change":{"actions":["create"],"before":null,"after":{"carrier_gateway_id":null,"destination_cidr_block":"10.60.20.0/24","destination_ipv6_cidr_block":null,"destination_prefix_list_id":null,"egress_only_gateway_id":null,"gateway_id":null,"local_gateway_id":null,"nat_gateway_id":null,"route_table_id":"module.transit.module.mgmt_vpc.aws_route_table.public[0].id","timeouts":null,"transit_gateway_id":null,"vpc_endpoint_id":null,"vpc_peering_connection_id":"module.transit.aws_vpc_peering_connection.peering.id"},"after_unknown":{"id":true,"instance_id":true,"instance_owner_id":true,"network_interface_id":true,"origin":true,"state":true}}},{"address":"module.transit.aws_vpc_peering_connection.peering","module_address":"module.transit","mode":"managed","type":"aws_vpc_peering_connection","name":"peering","provider_name":"registry.terraform.io/hashicorp/aws","change":{"actions":["create"],"before":null,"after":{"accepter":[],"auto_accept":true,"peer_vpc_id":"module.transit.module.transit_vpc.aws_vpc.vpc.id","requester":[],"tags":null,"timeouts":null,"vpc_id":"module.transit.module.mgmt_vpc.aws_vpc.vpc.id"},"after_unknown":{"accept_status":true,"accepter":[],"id":true,"peer_owner_id":true,"peer_region":true,"requester":[],"tags_all":true}}},{"address":"module.transit.aws_vpc_peering_connection_options.peering","module_address":"module.transit","mode":"managed","type":"aws_vpc_peering_connection_options","name":"peering","provider_name":"registry.terraform.io/hashicorp/aws","change":{"actions":["create"],"before":null,"after":{"accepter":[{"allow_classic_link_to_remote_vpc":null,"allow_remote_vpc_dns_resolution":true,"allow_vpc_to_remote_classic_link":null}],"requester":[{"allow_classic_link_to_remote_vpc":null,"allow_remote_vpc_dns_resolution":true,"allow_vpc_to_remote_classic_link":null}],"vpc_peering_connection_id":"module.transit.aws_vpc_peering_connection.peering.id"},"after_unknown":{"accepter":[{}],"id":true,"requester":[{}]}}},{"address":"module.transit.module.cloudguard_gateway_A.aws_eip.public","module_address":"module.transit.module.cloudguard_gateway_A","mode":"managed","type":"aws_eip","name":"public","provider_name":"registry.terraform.io/hashicorp/aws","change":{"actions":["create"],"before":null,"after":{"address":null,"associate_with_private_ip":null,"customer_owned_ipv4_pool":null,"network_interface":"module.transit.module.cloudguard_gateway_A.aws_network_interface.public.id","tags":null,"timeouts":null,"vpc":true},"after_unknown":{"allocation_id":true,"association_id":true,"carrier_ip":true,"customer_owned_ip":true,"domain":true,"id":true,"instance":true,"network_border_group":true,"private_dns":true,"private_ip":true,"public_dns":true,"public_ip":true,"public_ipv4_pool":true,"tags_all":true}}},{"address":"module.transit.module.cloudguard_gateway_A.aws_instance.gateway","module_address":"module.transit.module.cloudguard_gateway_A","mode":"managed","type":"aws_instance","name":"gateway","provider_name":"registry.terraform.io/hashicorp/aws","change":{"actions":["create"],"before":null,"after":{"ami":"ami-0ee02acd56a52998e","capacity_reservation_specification":[],"credit_specification":[],"disable_api_termination":null,"ebs_block_device":[],"ebs_optimized":null,"enclave_options":[],"ephemeral_block_device":[],"get_password_data":false,"hibernation":null,"iam_instance_profile":null,"instance_type":"c5.large","key_name":"aws_key_pair.key.id","metadata_options":[],"monitoring":null,"network_interface":[{"delete_on_termination":null,"device_index":0,"network_interface_id":"module.transit.module.cloudguard_gateway_A.aws_network_interface.public.id"},{"delete_on_termination":null,"device_index":1,"network_interface_id":"module.transit.module.cloudguard_gateway_A.aws_network_interface.private.id"}],"root_block_device":[],"source_dest_check":null,"tags":{"Name":"gatewayA","x-chkp-tags+":"management=transitvpc-management+template=transitvpc-template+ip-address=private"},"timeouts":null,"user_data":"    #!/bin/bash\n    echo\n","user_data_base64":null,"volume_tags":null},"after_unknown":{"arn":true,"associate_public_ip_address":true,"availability_zone":true,"capacity_reservation_specification":[],"cpu_core_count":true,"cpu_threads_per_core":true,"credit_specification":[],"ebs_block_device":[],"enclave_options":[],"ephemeral_block_device":[],"host_id":true,"id":true,"instance_initiated_shutdown_behavior":true,"instance_state":true,"ipv6_address_count":true,"ipv6_addresses":true,"metadata_options":[],"network_interface":[{},{}],"outpost_arn":true,"password_data":true,"placement_group":true,"primary_network_interface_id":true,"private_dns":true,"private_ip":true,"public_dns":true,"public_ip":true,"root_block_device":[],"secondary_private_ips":true,"security_groups":true,"subnet_id":true,"tags":{"x-chkp-ip-address":true},"tags_all":true,"tenancy":true,"vpc_security_group_ids":true}}},{"address":"module.transit.module.cloudguard_gateway_A.aws_network_acl_rule.private_inbound","module_address":"module.transit.module.cloudguard_gateway_A","mode":"managed","type":"aws_network_acl_rule","name":"private_inbound","provider_name":"registry.terraform.io/hashicorp/aws","change":{"actions":["create"],"before":null,"after":{"cidr_block":"10.50.1.0/24","egress":false,"from_port":0,"icmp_code":null,"icmp_type":null,"ipv6_cidr_block":null,"network_acl_id":"module.transit.module.transit_vpc.aws_network_acl.private[0].id","protocol":"-1","rule_action":"allow","rule_number":100,"to_port":65535},"after_unknown":{"id":true}}},{"address":"module.transit.module.cloudguard_gateway_A.aws_network_acl_rule.private_outbound","module_address":"module.transit.module.cloudguard_gateway_A","mode":"managed","type":"aws_network_acl_rule","name":"private_outbound","provider_name":"registry.terraform.io/hashicorp/aws","change":{"actions":["create"],"before":null,"after":{"cidr_block":"10.50.1.0/24","egress":true,"from_port":0,"icmp_code":null,"icmp_type":null,"ipv6_cidr_block":null,"network_acl_id":"module.transit.module.transit_vpc.aws_network_acl.private[0].id","protocol":"-1","rule_action":"allow","rule_number":100,"to_port":65535},"after_unknown":{"id":true}}},{"address":"module.transit.module.cloudguard_gateway_A.aws_network_acl_rule.public_inbound","module_address":"module.transit.module.cloudguard_gateway_A","mode":"managed","type":"aws_network_acl_rule","name":"public_inbound","provider_name":"registry.terraform.io/hashicorp/aws","change":{"actions":["create"],"before":null,"after":{"cidr_block":"0.0.0.0/0","egress":false,"from_port":0,"icmp_code":null,"icmp_type":null,"ipv6_cidr_block":null,"network_acl_id":"module.transit.module.transit_vpc.aws_network_acl.public[0].id","protocol":"-1","rule_action":"allow","rule_number":100,"to_port":65535},"after_unknown":{"id":true}}},{"address":"module.transit.module.cloudguard_gateway_A.aws_network_acl_rule.public_outbound","module_address":"module.transit.module.cloudguard_gateway_A","mode":"managed","type":"aws_network_acl_rule","name":"public_outbound","provider_name":"registry.terraform.io/hashicorp/aws","change":{"actions":["create"],"before":null,"after":{"cidr_block":"0.0.0.0/0","egress":true,"from_port":0,"icmp_code":null,"icmp_type":null,"ipv6_cidr_block":null,"network_acl_id":"module.transit.module.transit_vpc.aws_network_acl.public[0].id","protocol":"-1","rule_action":"allow","rule_number":100,"to_port":65535},"after_unknown":{"id":true}}},{"address":"module.transit.module.cloudguard_gateway_A.aws_network_interface.private","module_address":"module.transit.module.cloudguard_gateway_A","mode":"managed","type":"aws_network_interface","name":"private","provider_name":"registry.terraform.io/hashicorp/aws","change":{"actions":["create"],"before":null,"after":{"attachment":[],"description":"Internal","security_groups":["module.transit.module.cloudguard_gateway_A.aws_security_group.private.id"],"source_dest_check":false,"subnet_id":"module.transit.module.transit_vpc.aws_subnet.private[10.60.10.0/24].id","tags":{"x-chkp-anti-spoofing":"false","x-chkp-topology":"internal"},"tags_all":{"x-chkp-anti-spoofing":"false","x-chkp-topology":"internal"}},"after_unknown":{"attachment":[],"id":true,"interface_type":true,"ipv6_address_count":true,"ipv6_addresses":true,"mac_address":true,"outpost_arn":true,"private_dns_name":true,"private_ip":true,"private_ips":true,"private_ips_count":true,"security_groups":[false],"tags":{},"tags_all":{}}}},{"address":"module.transit.module.cloudguard_gateway_A.aws_network_interface.public","module_address":"module.transit.module.cloudguard_gateway_A","mode":"managed","type":"aws_network_interface","name":"public","provider_name":"registry.terraform.io/hashicorp/aws","change":{"actions":["create"],"before":null,"after":{"attachment":[],"description":"External","security_groups":["module.transit.module.cloudguard_gateway_A.aws_security_group.public.id"],"source_dest_check":false,"subnet_id":"module.transit.module.transit_vpc.aws_subnet.public[10.60.1.0/24].id","tags":null},"after_unknown":{"attachment":[],"id":true,"interface_type":true,"ipv6_address_count":true,"ipv6_addresses":true,"mac_address":true,"outpost_arn":true,"private_dns_name":true,"private_ip":true,"private_ips":true,"private_ips_count":true,"security_groups":[false],"tags_all":true}}},{"address":"module.transit.module.cloudguard_gateway_A.aws_security_group.private","module_address":"module.transit.module.cloudguard_gateway_A","mode":"managed","type":"aws_security_group","name":"private","provider_name":"registry.terraform.io/hashicorp/aws","change":{"actions":["create"],"before":null,"after":{"description":"SG for CloudGuard Gateway private interface","revoke_rules_on_delete":false,"tags":{"Environment":"testing","Name":"transitvpc-gatewayA-private-cg_gateway"},"tags_all":{"Environment":"testing","Name":"transitvpc-gatewayA-private-cg_gateway"},"timeouts":null,"vpc_id":"module.transit.module.transit_vpc.aws_vpc.vpc.id"},"after_unknown":{"arn":true,"egress":true,"id":true,"ingress":true,"name":true,"name_prefix":true,"owner_id":true,"tags":{},"tags_all":{}}}},{"address":"module.transit.module.cloudguard_gateway_A.aws_security_group.public","module_address":"module.transit.module.cloudguard_gateway_A","mode":"managed","type":"aws_security_group","name":"public","provider_name":"registry.terraform.io/hashicorp/aws","change":{"actions":["create"],"before":null,"after":{"description":"SG for CloudGuard Gateway public interface","revoke_rules_on_delete":false,"tags":{"Environment":"testing","Name":"transitvpc-gatewayA-public-cg_gateway"},"tags_all":{"Environment":"testing","Name":"transitvpc-gatewayA-public-cg_gateway"},"timeouts":null,"vpc_id":"module.transit.module.transit_vpc.aws_vpc.vpc.id"},"after_unknown":{"arn":true,"egress":true,"id":true,"ingress":true,"name":true,"name_prefix":true,"owner_id":true,"tags":{},"tags_all":{}}}},{"address":"module.transit.module.cloudguard_gateway_A.aws_security_group_rule.inbound_123","module_address":"module.transit.module.cloudguard_gateway_A","mode":"managed","type":"aws_security_group_rule","name":"inbound_123","provider_name":"registry.terraform.io/hashicorp/aws","change":{"actions":["create"],"before":null,"after":{"cidr_blocks":null,"description":null,"from_port":123,"ipv6_cidr_blocks":null,"prefix_list_ids":null,"protocol":"udp","security_group_id":"module.transit.module.cloudguard_gateway_A.aws_security_group.private.id","self":false,"source_security_group_id":"module.transit.module.mgmt.aws_security_group.management.id","to_port":123,"type":"ingress"},"after_unknown":{"id":true}}},{"address":"module.transit.module.cloudguard_gateway_A.aws_security_group_rule.inbound_161","module_address":"module.transit.module.cloudguard_gateway_A","mode":"managed","type":"aws_security_group_rule","name":"inbound_161","provider_name":"registry.terraform.io/hashicorp/aws","change":{"actions":["create"],"before":null,"after":{"cidr_blocks":null,"description":null,"from_port":161,"ipv6_cidr_blocks":null,"prefix_list_ids":null,"protocol":"udp","security_group_id":"module.transit.module.cloudguard_gateway_A.aws_security_group.private.id","self":false,"source_security_group_id":"module.transit.module.mgmt.aws_security_group.management.id","to_port":161,"type":"ingress"},"after_unknown":{"id":true}}},{"address":"module.transit.module.cloudguard_gateway_A.aws_security_group_rule.inbound_18183","module_address":"module.transit.module.cloudguard_gateway_A","mode":"managed","type":"aws_security_group_rule","name":"inbound_18183","provider_name":"registry.terraform.io/hashicorp/aws","change":{"actions":["create"],"before":null,"after":{"cidr_blocks":null,"description":null,"from_port":18183,"ipv6_cidr_blocks":null,"prefix_list_ids":null,"protocol":"tcp","security_group_id":"module.transit.module.cloudguard_gateway_A.aws_security_group.private.id","self":false,"source_security_group_id":"module.transit.module.mgmt.aws_security_group.management.id","to_port":18183,"type":"ingress"},"after_unknown":{"id":true}}},{"address":"module.transit.module.cloudguard_gateway_A.aws_security_group_rule.inbound_18187","module_address":"module.transit.module.cloudguard_gateway_A","mode":"managed","type":"aws_security_group_rule","name":"inbound_18187","provider_name":"registry.terraform.io/hashicorp/aws","change":{"actions":["create"],"before":null,"after":{"cidr_blocks":null,"description":null,"from_port":18187,"ipv6_cidr_blocks":null,"prefix_list_ids":null,"protocol":"tcp","security_group_id":"module.transit.module.cloudguard_gateway_A.aws_security_group.private.id","self":false,"source_security_group_id":"module.transit.module.mgmt.aws_security_group.management.id","to_port":18187,"type":"ingress"},"after_unknown":{"id":true}}},{"address":"module.transit.module.cloudguard_gateway_A.aws_security_group_rule.inbound_18191_18192","module_address":"module.transit.module.cloudguard_gateway_A","mode":"managed","type":"aws_security_group_rule","name":"inbound_18191_18192","provider_name":"registry.terraform.io/hashicorp/aws","change":{"actions":["create"],"before":null,"after":{"cidr_blocks":null,"description":null,"from_port":18191,"ipv6_cidr_blocks":null,"prefix_list_ids":null,"protocol":"tcp","security_group_id":"module.transit.module.cloudguard_gateway_A.aws_security_group.private.id","self":false,"source_security_group_id":"module.transit.module.mgmt.aws_security_group.management.id","to_port":18192,"type":"ingress"},"after_unknown":{"id":true}}},{"address":"module.transit.module.cloudguard_gateway_A.aws_security_group_rule.inbound_18202","module_address":"module.transit.module.cloudguard_gateway_A","mode":"managed","type":"aws_security_group_rule","name":"inbound_18202","provider_name":"registry.terraform.io/hashicorp/aws","change":{"actions":["create"],"before":null,"after":{"cidr_blocks":null,"description":null,"from_port":18202,"ipv6_cidr_blocks":null,"prefix_list_ids":null,"protocol":"tcp","security_group_id":"module.transit.module.cloudguard_gateway_A.aws_security_group.private.id","self":false,"source_security_group_id":"module.transit.module.mgmt.aws_security_group.management.id","to_port":18202,"type":"ingress"},"after_unknown":{"id":true}}},{"address":"module.transit.module.cloudguard_gateway_A.aws_security_group_rule.inbound_18208","module_address":"module.transit.module.cloudguard_gateway_A","mode":"managed","type":"aws_security_group_rule","name":"inbound_18208","provider_name":"registry.terraform.io/hashicorp/aws","change":{"actions":["create"],"before":null,"after":{"cidr_blocks":null,"description":null,"from_port":18208,"ipv6_cidr_blocks":null,"prefix_list_ids":null,"protocol":"tcp","security_group_id":"module.transit.module.cloudguard_gateway_A.aws_security_group.private.id","self":false,"source_security_group_id":"module.transit.module.mgmt.aws_security_group.management.id","to_port":18208,"type":"ingress"},"after_unknown":{"id":true}}},{"address":"module.transit.module.cloudguard_gateway_A.aws_security_group_rule.inbound_18211","module_address":"module.transit.module.cloudguard_gateway_A","mode":"managed","type":"aws_security_group_rule","name":"inbound_18211","provider_name":"registry.terraform.io/hashicorp/aws","change":{"actions":["create"],"before":null,"after":{"cidr_blocks":null,"description":null,"from_port":18211,"ipv6_cidr_blocks":null,"prefix_list_ids":null,"protocol":"tcp","security_group_id":"module.transit.module.cloudguard_gateway_A.aws_security_group.private.id","self":false,"source_security_group_id":"module.transit.module.mgmt.aws_security_group.management.id","to_port":18211,"type":"ingress"},"after_unknown":{"id":true}}},{"address":"module.transit.module.cloudguard_gateway_A.aws_security_group_rule.inbound_21","module_address":"module.transit.module.cloudguard_gateway_A","mode":"managed","type":"aws_security_group_rule","name":"inbound_21","provider_name":"registry.terraform.io/hashicorp/aws","change":{"actions":["create"],"before":null,"after":{"cidr_blocks":null,"description":null,"from_port":21,"ipv6_cidr_blocks":null,"prefix_list_ids":null,"protocol":"tcp","security_group_id":"module.transit.module.cloudguard_gateway_A.aws_security_group.private.id","self":false,"source_security_group_id":"module.transit.module.mgmt.aws_security_group.management.id","to_port":21,"type":"ingress"},"after_unknown":{"id":true}}},{"address":"module.transit.module.cloudguard_gateway_A.aws_security_group_rule.inbound_22","module_address":"module.transit.module.cloudguard_gateway_A","mode":"managed","type":"aws_security_group_rule","name":"inbound_22","provider_name":"registry.terraform.io/hashicorp/aws","change":{"actions":["create"],"before":null,"after":{"cidr_blocks":null,"description":null,"from_port":22,"ipv6_cidr_blocks":null,"prefix_list_ids":null,"protocol":"tcp","security_group_id":"module.transit.module.cloudguard_gateway_A.aws_security_group.private.id","self":false,"source_security_group_id":"module.transit.module.mgmt.aws_security_group.management.id","to_port":22,"type":"ingress"},"after_unknown":{"id":true}}},{"address":"module.transit.module.cloudguard_gateway_A.aws_security_group_rule.inbound_256","module_address":"module.transit.module.cloudguard_gateway_A","mode":"managed","type":"aws_security_group_rule","name":"inbound_256","provider_name":"registry.terraform.io/hashicorp/aws","change":{"actions":["create"],"before":null,"after":{"cidr_blocks":null,"description":null,"from_port":256,"ipv6_cidr_blocks":null,"prefix_list_ids":null,"protocol":"tcp","security_group_id":"module.transit.module.cloudguard_gateway_A.aws_security_group.private.id","self":false,"source_security_group_id":"module.transit.module.mgmt.aws_security_group.management.id","to_port":256,"type":"ingress"},"after_unknown":{"id":true}}},{"address":"module.transit.module.cloudguard_gateway_A.aws_security_group_rule.inbound_389","module_address":"module.transit.module.cloudguard_gateway_A","mode":"managed","type":"aws_security_group_rule","name":"inbound_389","provider_name":"registry.terraform.io/hashicorp/aws","change":{"actions":["create"],"before":null,"after":{"cidr_blocks":null,"description":null,"from_port":389,"ipv6_cidr_blocks":null,"prefix_list_ids":null,"protocol":"tcp","security_group_id":"module.transit.module.cloudguard_gateway_A.aws_security_group.private.id","self":false,"source_security_group_id":"module.transit.module.mgmt.aws_security_group.management.id","to_port":389,"type":"ingress"},"after_unknown":{"id":true}}},{"address":"module.transit.module.cloudguard_gateway_A.aws_security_group_rule.inbound_443","module_address":"module.transit.module.cloudguard_gateway_A","mode":"managed","type":"aws_security_group_rule","name":"inbound_443","provider_name":"registry.terraform.io/hashicorp/aws","change":{"actions":["create"],"before":null,"after":{"cidr_blocks":null,"description":null,"from_port":443,"ipv6_cidr_blocks":null,"prefix_list_ids":null,"protocol":"tcp","security_group_id":"module.transit.module.cloudguard_gateway_A.aws_security_group.private.id","self":false,"source_security_group_id":"module.transit.module.mgmt.aws_security_group.management.id","to_port":443,"type":"ingress"},"after_unknown":{"id":true}}},{"address":"module.transit.module.cloudguard_gateway_A.aws_security_group_rule.inbound_53","module_address":"module.transit.module.cloudguard_gateway_A","mode":"managed","type":"aws_security_group_rule","name":"inbound_53","provider_name":"registry.terraform.io/hashicorp/aws","change":{"actions":["create"],"before":null,"after":{"cidr_blocks":null,"description":null,"from_port":53,"ipv6_cidr_blocks":null,"prefix_list_ids":null,"protocol":"udp","security_group_id":"module.transit.module.cloudguard_gateway_A.aws_security_group.private.id","self":false,"source_security_group_id":"module.transit.module.mgmt.aws_security_group.management.id","to_port":53,"type":"ingress"},"after_unknown":{"id":true}}},{"address":"module.transit.module.cloudguard_gateway_A.aws_security_group_rule.inbound_636","module_address":"module.transit.module.cloudguard_gateway_A","mode":"managed","type":"aws_security_group_rule","name":"inbound_636","provider_name":"registry.terraform.io/hashicorp/aws","change":{"actions":["create"],"before":null,"after":{"cidr_blocks":null,"description":null,"from_port":636,"ipv6_cidr_blocks":null,"prefix_list_ids":null,"protocol":"tcp","security_group_id":"module.transit.module.cloudguard_gateway_A.aws_security_group.private.id","self":false,"source_security_group_id":"module.transit.module.mgmt.aws_security_group.management.id","to_port":636,"type":"ingress"},"after_unknown":{"id":true}}},{"address":"module.transit.module.cloudguard_gateway_A.aws_security_group_rule.inbound_69","module_address":"module.transit.module.cloudguard_gateway_A","mode":"managed","type":"aws_security_group_rule","name":"inbound_69","provider_name":"registry.terraform.io/hashicorp/aws","change":{"actions":["create"],"before":null,"after":{"cidr_blocks":null,"description":null,"from_port":69,"ipv6_cidr_blocks":null,"prefix_list_ids":null,"protocol":"udp","security_group_id":"module.transit.module.cloudguard_gateway_A.aws_security_group.private.id","self":false,"source_security_group_id":"module.transit.module.mgmt.aws_security_group.management.id","to_port":69,"type":"ingress"},"after_unknown":{"id":true}}},{"address":"module.transit.module.cloudguard_gateway_A.aws_security_group_rule.outbound_18191_18192","module_address":"module.transit.module.cloudguard_gateway_A","mode":"managed","type":"aws_security_group_rule","name":"outbound_18191_18192","provider_name":"registry.terraform.io/hashicorp/aws","change":{"actions":["create"],"before":null,"after":{"cidr_blocks":null,"description":null,"from_port":18191,"ipv6_cidr_blocks":null,"prefix_list_ids":null,"protocol":"tcp","security_group_id":"module.transit.module.cloudguard_gateway_A.aws_security_group.private.id","self":false,"source_security_group_id":"module.transit.module.mgmt.aws_security_group.management.id","to_port":18192,"type":"egress"},"after_unknown":{"id":true}}},{"address":"module.transit.module.cloudguard_gateway_A.aws_security_group_rule.outbound_18210_18211","module_address":"module.transit.module.cloudguard_gateway_A","mode":"managed","type":"aws_security_group_rule","name":"outbound_18210_18211","provider_name":"registry.terraform.io/hashicorp/aws","change":{"actions":["create"],"before":null,"after":{"cidr_blocks":null,"description":null,"from_port":18210,"ipv6_cidr_blocks":null,"prefix_list_ids":null,"protocol":"tcp","security_group_id":"module.transit.module.cloudguard_gateway_A.aws_security_group.private.id","self":false,"source_security_group_id":"module.transit.module.mgmt.aws_security_group.management.id","to_port":18211,"type":"egress"},"after_unknown":{"id":true}}},{"address":"module.transit.module.cloudguard_gateway_A.aws_security_group_rule.outbound_18221","module_address":"module.transit.module.cloudguard_gateway_A","mode":"managed","type":"aws_security_group_rule","name":"outbound_18221","provider_name":"registry.terraform.io/hashicorp/aws","change":{"actions":["create"],"before":null,"after":{"cidr_blocks":null,"description":null,"from_port":18221,"ipv6_cidr_blocks":null,"prefix_list_ids":null,"protocol":"tcp","security_group_id":"module.transit.module.cloudguard_gateway_A.aws_security_group.private.id","self":false,"source_security_group_id":"module.transit.module.mgmt.aws_security_group.management.id","to_port":18221,"type":"egress"},"after_unknown":{"id":true}}},{"address":"module.transit.module.cloudguard_gateway_A.aws_security_group_rule.outbound_18264","module_address":"module.transit.module.cloudguard_gateway_A","mode":"managed","type":"aws_security_group_rule","name":"outbound_18264","provider_name":"registry.terraform.io/hashicorp/aws","change":{"actions":["create"],"before":null,"after":{"cidr_blocks":null,"description":null,"from_port":18264,"ipv6_cidr_blocks":null,"prefix_list_ids":null,"protocol":"tcp","security_group_id":"module.transit.module.cloudguard_gateway_A.aws_security_group.private.id","self":false,"source_security_group_id":"module.transit.module.mgmt.aws_security_group.management.id","to_port":18264,"type":"egress"},"after_unknown":{"id":true}}},{"address":"module.transit.module.cloudguard_gateway_A.aws_security_group_rule.outbound_257","module_address":"module.transit.module.cloudguard_gateway_A","mode":"managed","type":"aws_security_group_rule","name":"outbound_257","provider_name":"registry.terraform.io/hashicorp/aws","change":{"actions":["create"],"before":null,"after":{"cidr_blocks":null,"description":null,"from_port":257,"ipv6_cidr_blocks":null,"prefix_list_ids":null,"protocol":"tcp","security_group_id":"module.transit.module.cloudguard_gateway_A.aws_security_group.private.id","self":false,"source_security_group_id":"module.transit.module.mgmt.aws_security_group.management.id","to_port":257,"type":"egress"},"after_unknown":{"id":true}}},{"address":"module.transit.module.cloudguard_gateway_A.aws_security_group_rule.public_inbound","module_address":"module.transit.module.cloudguard_gateway_A","mode":"managed","type":"aws_security_group_rule","name":"public_inbound","provider_name":"registry.terraform.io/hashicorp/aws","change":{"actions":["create"],"before":null,"after":{"cidr_blocks":["0.0.0.0/0"],"description":null,"from_port":0,"ipv6_cidr_blocks":null,"prefix_list_ids":null,"protocol":"-1","security_group_id":"module.transit.module.cloudguard_gateway_A.aws_security_group.public.id","self":false,"to_port":0,"type":"ingress"},"after_unknown":{"cidr_blocks":[false],"id":true,"source_security_group_id":true}}},{"address":"module.transit.module.cloudguard_gateway_A.aws_security_group_rule.public_outbound","module_address":"module.transit.module.cloudguard_gateway_A","mode":"managed","type":"aws_security_group_rule","name":"public_outbound","provider_name":"registry.terraform.io/hashicorp/aws","change":{"actions":["create"],"before":null,"after":{"cidr_blocks":["0.0.0.0/0"],"description":null,"from_port":0,"ipv6_cidr_blocks":null,"prefix_list_ids":null,"protocol":"-1","security_group_id":"module.transit.module.cloudguard_gateway_A.aws_security_group.public.id","self":false,"to_port":0,"type":"egress"},"after_unknown":{"cidr_blocks":[false],"id":true,"source_security_group_id":true}}},{"address":"module.transit.module.cloudguard_gateway_A.data.aws_subnet.private","module_address":"module.transit.module.cloudguard_gateway_A","mode":"data","type":"aws_subnet","name":"private","provider_name":"registry.terraform.io/hashicorp/aws","change":{"actions":["read"],"before":null,"after":{"filter":[],"id":"module.transit.module.transit_vpc.aws_subnet.private[10.60.10.0/24].id"},"after_unknown":{"arn":true,"assign_ipv6_address_on_creation":true,"availability_zone":true,"availability_zone_id":true,"available_ip_address_count":true,"cidr_block":true,"customer_owned_ipv4_pool":true,"default_for_az":true,"filter":[],"ipv6_cidr_block":true,"ipv6_cidr_block_association_id":true,"map_customer_owned_ip_on_launch":true,"map_public_ip_on_launch":true,"outpost_arn":true,"owner_id":true,"state":true,"tags":true,"vpc_id":true}}},{"address":"module.transit.module.cloudguard_gateway_A.data.aws_subnet.public","module_address":"module.transit.module.cloudguard_gateway_A","mode":"data","type":"aws_subnet","name":"public","provider_name":"registry.terraform.io/hashicorp/aws","change":{"actions":["read"],"before":null,"after":{"filter":[],"id":"module.transit.module.transit_vpc.aws_subnet.public[10.60.1.0/24].id"},"after_unknown":{"arn":true,"assign_ipv6_address_on_creation":true,"availability_zone":true,"availability_zone_id":true,"available_ip_address_count":true,"cidr_block":true,"customer_owned_ipv4_pool":true,"default_for_az":true,"filter":[],"ipv6_cidr_block":true,"ipv6_cidr_block_association_id":true,"map_customer_owned_ip_on_launch":true,"map_public_ip_on_launch":true,"outpost_arn":true,"owner_id":true,"state":true,"tags":true,"vpc_id":true}}},{"address":"module.transit.module.cloudguard_gateway_B.aws_eip.public","module_address":"module.transit.module.cloudguard_gateway_B","mode":"managed","type":"aws_eip","name":"public","provider_name":"registry.terraform.io/hashicorp/aws","change":{"actions":["create"],"before":null,"after":{"address":null,"associate_with_private_ip":null,"customer_owned_ipv4_pool":null,"network_interface":"module.transit.module.cloudguard_gateway_B.aws_network_interface.public.id","tags":null,"timeouts":null,"vpc":true},"after_unknown":{"allocation_id":true,"association_id":true,"carrier_ip":true,"customer_owned_ip":true,"domain":true,"id":true,"instance":true,"network_border_group":true,"private_dns":true,"private_ip":true,"public_dns":true,"public_ip":true,"public_ipv4_pool":true,"tags_all":true}}},{"address":"module.transit.module.cloudguard_gateway_B.aws_instance.gateway","module_address":"module.transit.module.cloudguard_gateway_B","mode":"managed","type":"aws_instance","name":"gateway","provider_name":"registry.terraform.io/hashicorp/aws","change":{"actions":["create"],"before":null,"after":{"ami":"ami-0ee02acd56a52998e","capacity_reservation_specification":[],"credit_specification":[],"disable_api_termination":null,"ebs_block_device":[],"ebs_optimized":null,"enclave_options":[],"ephemeral_block_device":[],"get_password_data":false,"hibernation":null,"iam_instance_profile":null,"instance_type":"c5.large","key_name":"aws_key_pair.key.id","metadata_options":[],"monitoring":null,"network_interface":[{"delete_on_termination":null,"device_index":0,"network_interface_id":"module.transit.module.cloudguard_gateway_B.aws_network_interface.public.id"},{"delete_on_termination":null,"device_index":1,"network_interface_id":"module.transit.module.cloudguard_gateway_B.aws_network_interface.private.id"}],"root_block_device":[],"source_dest_check":null,"tags":{"Name":"gatewayB","x-chkp-tags+":"management=transitvpc-management+template=transitvpc-template+ip-address=private"},"timeouts":null,"user_data":"    #!/bin/bash\n    echo\n","user_data_base64":null,"volume_tags":null},"after_unknown":{"arn":true,"associate_public_ip_address":true,"availability_zone":true,"capacity_reservation_specification":[],"cpu_core_count":true,"cpu_threads_per_core":true,"credit_specification":[],"ebs_block_device":[],"enclave_options":[],"ephemeral_block_device":[],"host_id":true,"id":true,"instance_initiated_shutdown_behavior":true,"instance_state":true,"ipv6_address_count":true,"ipv6_addresses":true,"metadata_options":[],"network_interface":[{},{}],"outpost_arn":true,"password_data":true,"placement_group":true,"primary_network_interface_id":true,"private_dns":true,"private_ip":true,"public_dns":true,"public_ip":true,"root_block_device":[],"secondary_private_ips":true,"security_groups":true,"subnet_id":true,"tags":{"x-chkp-ip-address":true},"tags_all":true,"tenancy":true,"vpc_security_group_ids":true}}},{"address":"module.transit.module.cloudguard_gateway_B.aws_network_acl_rule.private_inbound","module_address":"module.transit.module.cloudguard_gateway_B","mode":"managed","type":"aws_network_acl_rule","name":"private_inbound","provider_name":"registry.terraform.io/hashicorp/aws","change":{"actions":["create"],"before":null,"after":{"cidr_block":"10.50.1.0/24","egress":false,"from_port":0,"icmp_code":null,"icmp_type":null,"ipv6_cidr_block":null,"network_acl_id":"module.transit.module.transit_vpc.aws_network_acl.private[0].id","protocol":"-1","rule_action":"allow","rule_number":100,"to_port":65535},"after_unknown":{"id":true}}},{"address":"module.transit.module.cloudguard_gateway_B.aws_network_acl_rule.private_outbound","module_address":"module.transit.module.cloudguard_gateway_B","mode":"managed","type":"aws_network_acl_rule","name":"private_outbound","provider_name":"registry.terraform.io/hashicorp/aws","change":{"actions":["create"],"before":null,"after":{"cidr_block":"10.50.1.0/24","egress":true,"from_port":0,"icmp_code":null,"icmp_type":null,"ipv6_cidr_block":null,"network_acl_id":"module.transit.module.transit_vpc.aws_network_acl.private[0].id","protocol":"-1","rule_action":"allow","rule_number":100,"to_port":65535},"after_unknown":{"id":true}}},{"address":"module.transit.module.cloudguard_gateway_B.aws_network_acl_rule.public_inbound","module_address":"module.transit.module.cloudguard_gateway_B","mode":"managed","type":"aws_network_acl_rule","name":"public_inbound","provider_name":"registry.terraform.io/hashicorp/aws","change":{"actions":["create"],"before":null,"after":{"cidr_block":"0.0.0.0/0","egress":false,"from_port":0,"icmp_code":null,"icmp_type":null,"ipv6_cidr_block":null,"network_acl_id":"module.transit.module.transit_vpc.aws_network_acl.public[0].id","protocol":"-1","rule_action":"allow","rule_number":100,"to_port":65535},"after_unknown":{"id":true}}},{"address":"module.transit.module.cloudguard_gateway_B.aws_network_acl_rule.public_outbound","module_address":"module.transit.module.cloudguard_gateway_B","mode":"managed","type":"aws_network_acl_rule","name":"public_outbound","provider_name":"registry.terraform.io/hashicorp/aws","change":{"actions":["create"],"before":null,"after":{"cidr_block":"0.0.0.0/0","egress":true,"from_port":0,"icmp_code":null,"icmp_type":null,"ipv6_cidr_block":null,"network_acl_id":"module.transit.module.transit_vpc.aws_network_acl.public[0].id","protocol":"-1","rule_action":"allow","rule_number":100,"to_port":65535},"after_unknown":{"id":true}}},{"address":"module.transit.module.cloudguard_gateway_B.aws_network_interface.private","module_address":"module.transit.module.cloudguard_gateway_B","mode":"managed","type":"aws_network_interface","name":"private","provider_name":"registry.terraform.io/hashicorp/aws","change":{"actions":["create"],"before":null,"after":{"attachment":[],"description":"Internal","security_groups":["module.transit.module.cloudguard_gateway_B.aws_security_group.private.id"],"source_dest_check":false,"subnet_id":"module.transit.module.transit_vpc.aws_subnet.private[10.60.20.0/24].id","tags":{"x-chkp-anti-spoofing":"false","x-chkp-topology":"internal"},"tags_all":{"x-chkp-anti-spoofing":"false","x-chkp-topology":"internal"}},"after_unknown":{"attachment":[],"id":true,"interface_type":true,"ipv6_address_count":true,"ipv6_addresses":true,"mac_address":true,"outpost_arn":true,"private_dns_name":true,"private_ip":true,"private_ips":true,"private_ips_count":true,"security_groups":[false],"tags":{},"tags_all":{}}}},{"address":"module.transit.module.cloudguard_gateway_B.aws_network_interface.public","module_address":"module.transit.module.cloudguard_gateway_B","mode":"managed","type":"aws_network_interface","name":"public","provider_name":"registry.terraform.io/hashicorp/aws","change":{"actions":["create"],"before":null,"after":{"attachment":[],"description":"External","security_groups":["module.transit.module.cloudguard_gateway_B.aws_security_group.public.id"],"source_dest_check":false,"subnet_id":"module.transit.module.transit_vpc.aws_subnet.public[10.60.2.0/24].id","tags":null},"after_unknown":{"attachment":[],"id":true,"interface_type":true,"ipv6_address_count":true,"ipv6_addresses":true,"mac_address":true,"outpost_arn":true,"private_dns_name":true,"private_ip":true,"private_ips":true,"private_ips_count":true,"security_groups":[false],"tags_all":true}}},{"address":"module.transit.module.cloudguard_gateway_B.aws_security_group.private","module_address":"module.transit.module.cloudguard_gateway_B","mode":"managed","type":"aws_security_group","name":"private","provider_name":"registry.terraform.io/hashicorp/aws","change":{"actions":["create"],"before":null,"after":{"description":"SG for CloudGuard Gateway private interface","revoke_rules_on_delete":false,"tags":{"Environment":"testing","Name":"transitvpc-gatewayB-private-cg_gateway"},"tags_all":{"Environment":"testing","Name":"transitvpc-gatewayB-private-cg_gateway"},"timeouts":null,"vpc_id":"module.transit.module.transit_vpc.aws_vpc.vpc.id"},"after_unknown":{"arn":true,"egress":true,"id":true,"ingress":true,"name":true,"name_prefix":true,"owner_id":true,"tags":{},"tags_all":{}}}},{"address":"module.transit.module.cloudguard_gateway_B.aws_security_group.public","module_address":"module.transit.module.cloudguard_gateway_B","mode":"managed","type":"aws_security_group","name":"public","provider_name":"registry.terraform.io/hashicorp/aws","change":{"actions":["create"],"before":null,"after":{"description":"SG for CloudGuard Gateway public interface","revoke_rules_on_delete":false,"tags":{"Environment":"testing","Name":"transitvpc-gatewayB-public-cg_gateway"},"tags_all":{"Environment":"testing","Name":"transitvpc-gatewayB-public-cg_gateway"},"timeouts":null,"vpc_id":"module.transit.module.transit_vpc.aws_vpc.vpc.id"},"after_unknown":{"arn":true,"egress":true,"id":true,"ingress":true,"name":true,"name_prefix":true,"owner_id":true,"tags":{},"tags_all":{}}}},{"address":"module.transit.module.cloudguard_gateway_B.aws_security_group_rule.inbound_123","module_address":"module.transit.module.cloudguard_gateway_B","mode":"managed","type":"aws_security_group_rule","name":"inbound_123","provider_name":"registry.terraform.io/hashicorp/aws","change":{"actions":["create"],"before":null,"after":{"cidr_blocks":null,"description":null,"from_port":123,"ipv6_cidr_blocks":null,"prefix_list_ids":null,"protocol":"udp","security_group_id":"module.transit.module.cloudguard_gateway_B.aws_security_group.private.id","self":false,"source_security_group_id":"module.transit.module.mgmt.aws_security_group.management.id","to_port":123,"type":"ingress"},"after_unknown":{"id":true}}},{"address":"module.transit.module.cloudguard_gateway_B.aws_security_group_rule.inbound_161","module_address":"module.transit.module.cloudguard_gateway_B","mode":"managed","type":"aws_security_group_rule","name":"inbound_161","provider_name":"registry.terraform.io/hashicorp/aws","change":{"actions":["create"],"before":null,"after":{"cidr_blocks":null,"description":null,"from_port":161,"ipv6_cidr_blocks":null,"prefix_list_ids":null,"protocol":"udp","security_group_id":"module.transit.module.cloudguard_gateway_B.aws_security_group.private.id","self":false,"source_security_group_id":"module.transit.module.mgmt.aws_security_group.management.id","to_port":161,"type":"ingress"},"after_unknown":{"id":true}}},{"address":"module.transit.module.cloudguard_gateway_B.aws_security_group_rule.inbound_18183","module_address":"module.transit.module.cloudguard_gateway_B","mode":"managed","type":"aws_security_group_rule","name":"inbound_18183","provider_name":"registry.terraform.io/hashicorp/aws","change":{"actions":["create"],"before":null,"after":{"cidr_blocks":null,"description":null,"from_port":18183,"ipv6_cidr_blocks":null,"prefix_list_ids":null,"protocol":"tcp","security_group_id":"module.transit.module.cloudguard_gateway_B.aws_security_group.private.id","self":false,"source_security_group_id":"module.transit.module.mgmt.aws_security_group.management.id","to_port":18183,"type":"ingress"},"after_unknown":{"id":true}}},{"address":"module.transit.module.cloudguard_gateway_B.aws_security_group_rule.inbound_18187","module_address":"module.transit.module.cloudguard_gateway_B","mode":"managed","type":"aws_security_group_rule","name":"inbound_18187","provider_name":"registry.terraform.io/hashicorp/aws","change":{"actions":["create"],"before":null,"after":{"cidr_blocks":null,"description":null,"from_port":18187,"ipv6_cidr_blocks":null,"prefix_list_ids":null,"protocol":"tcp","security_group_id":"module.transit.module.cloudguard_gateway_B.aws_security_group.private.id","self":false,"source_security_group_id":"module.transit.module.mgmt.aws_security_group.management.id","to_port":18187,"type":"ingress"},"after_unknown":{"id":true}}},{"address":"module.transit.module.cloudguard_gateway_B.aws_security_group_rule.inbound_18191_18192","module_address":"module.transit.module.cloudguard_gateway_B","mode":"managed","type":"aws_security_group_rule","name":"inbound_18191_18192","provider_name":"registry.terraform.io/hashicorp/aws","change":{"actions":["create"],"before":null,"after":{"cidr_blocks":null,"description":null,"from_port":18191,"ipv6_cidr_blocks":null,"prefix_list_ids":null,"protocol":"tcp","security_group_id":"module.transit.module.cloudguard_gateway_B.aws_security_group.private.id","self":false,"source_security_group_id":"module.transit.module.mgmt.aws_security_group.management.id","to_port":18192,"type":"ingress"},"after_unknown":{"id":true}}},{"address":"module.transit.module.cloudguard_gateway_B.aws_security_group_rule.inbound_18202","module_address":"module.transit.module.cloudguard_gateway_B","mode":"managed","type":"aws_security_group_rule","name":"inbound_18202","provider_name":"registry.terraform.io/hashicorp/aws","change":{"actions":["create"],"before":null,"after":{"cidr_blocks":null,"description":null,"from_port":18202,"ipv6_cidr_blocks":null,"prefix_list_ids":null,"protocol":"tcp","security_group_id":"module.transit.module.cloudguard_gateway_B.aws_security_group.private.id","self":false,"source_security_group_id":"module.transit.module.mgmt.aws_security_group.management.id","to_port":18202,"type":"ingress"},"after_unknown":{"id":true}}},{"address":"module.transit.module.cloudguard_gateway_B.aws_security_group_rule.inbound_18208","module_address":"module.transit.module.cloudguard_gateway_B","mode":"managed","type":"aws_security_group_rule","name":"inbound_18208","provider_name":"registry.terraform.io/hashicorp/aws","change":{"actions":["create"],"before":null,"after":{"cidr_blocks":null,"description":null,"from_port":18208,"ipv6_cidr_blocks":null,"prefix_list_ids":null,"protocol":"tcp","security_group_id":"module.transit.module.cloudguard_gateway_B.aws_security_group.private.id","self":false,"source_security_group_id":"module.transit.module.mgmt.aws_security_group.management.id","to_port":18208,"type":"ingress"},"after_unknown":{"id":true}}},{"address":"module.transit.module.cloudguard_gateway_B.aws_security_group_rule.inbound_18211","module_address":"module.transit.module.cloudguard_gateway_B","mode":"managed","type":"aws_security_group_rule","name":"inbound_18211","provider_name":"registry.terraform.io/hashicorp/aws","change":{"actions":["create"],"before":null,"after":{"cidr_blocks":null,"description":null,"from_port":18211,"ipv6_cidr_blocks":null,"prefix_list_ids":null,"protocol":"tcp","security_group_id":"module.transit.module.cloudguard_gateway_B.aws_security_group.private.id","self":false,"source_security_group_id":"module.transit.module.mgmt.aws_security_group.management.id","to_port":18211,"type":"ingress"},"after_unknown":{"id":true}}},{"address":"module.transit.module.cloudguard_gateway_B.aws_security_group_rule.inbound_21","module_address":"module.transit.module.cloudguard_gateway_B","mode":"managed","type":"aws_security_group_rule","name":"inbound_21","provider_name":"registry.terraform.io/hashicorp/aws","change":{"actions":["create"],"before":null,"after":{"cidr_blocks":null,"description":null,"from_port":21,"ipv6_cidr_blocks":null,"prefix_list_ids":null,"protocol":"tcp","security_group_id":"module.transit.module.cloudguard_gateway_B.aws_security_group.private.id","self":false,"source_security_group_id":"module.transit.module.mgmt.aws_security_group.management.id","to_port":21,"type":"ingress"},"after_unknown":{"id":true}}},{"address":"module.transit.module.cloudguard_gateway_B.aws_security_group_rule.inbound_22","module_address":"module.transit.module.cloudguard_gateway_B","mode":"managed","type":"aws_security_group_rule","name":"inbound_22","provider_name":"registry.terraform.io/hashicorp/aws","change":{"actions":["create"],"before":null,"after":{"cidr_blocks":null,"description":null,"from_port":22,"ipv6_cidr_blocks":null,"prefix_list_ids":null,"protocol":"tcp","security_group_id":"module.transit.module.cloudguard_gateway_B.aws_security_group.private.id","self":false,"source_security_group_id":"module.transit.module.mgmt.aws_security_group.management.id","to_port":22,"type":"ingress"},"after_unknown":{"id":true}}},{"address":"module.transit.module.cloudguard_gateway_B.aws_security_group_rule.inbound_256","module_address":"module.transit.module.cloudguard_gateway_B","mode":"managed","type":"aws_security_group_rule","name":"inbound_256","provider_name":"registry.terraform.io/hashicorp/aws","change":{"actions":["create"],"before":null,"after":{"cidr_blocks":null,"description":null,"from_port":256,"ipv6_cidr_blocks":null,"prefix_list_ids":null,"protocol":"tcp","security_group_id":"module.transit.module.cloudguard_gateway_B.aws_security_group.private.id","self":false,"source_security_group_id":"module.transit.module.mgmt.aws_security_group.management.id","to_port":256,"type":"ingress"},"after_unknown":{"id":true}}},{"address":"module.transit.module.cloudguard_gateway_B.aws_security_group_rule.inbound_389","module_address":"module.transit.module.cloudguard_gateway_B","mode":"managed","type":"aws_security_group_rule","name":"inbound_389","provider_name":"registry.terraform.io/hashicorp/aws","change":{"actions":["create"],"before":null,"after":{"cidr_blocks":null,"description":null,"from_port":389,"ipv6_cidr_blocks":null,"prefix_list_ids":null,"protocol":"tcp","security_group_id":"module.transit.module.cloudguard_gateway_B.aws_security_group.private.id","self":false,"source_security_group_id":"module.transit.module.mgmt.aws_security_group.management.id","to_port":389,"type":"ingress"},"after_unknown":{"id":true}}},{"address":"module.transit.module.cloudguard_gateway_B.aws_security_group_rule.inbound_443","module_address":"module.transit.module.cloudguard_gateway_B","mode":"managed","type":"aws_security_group_rule","name":"inbound_443","provider_name":"registry.terraform.io/hashicorp/aws","change":{"actions":["create"],"before":null,"after":{"cidr_blocks":null,"description":null,"from_port":443,"ipv6_cidr_blocks":null,"prefix_list_ids":null,"protocol":"tcp","security_group_id":"module.transit.module.cloudguard_gateway_B.aws_security_group.private.id","self":false,"source_security_group_id":"module.transit.module.mgmt.aws_security_group.management.id","to_port":443,"type":"ingress"},"after_unknown":{"id":true}}},{"address":"module.transit.module.cloudguard_gateway_B.aws_security_group_rule.inbound_53","module_address":"module.transit.module.cloudguard_gateway_B","mode":"managed","type":"aws_security_group_rule","name":"inbound_53","provider_name":"registry.terraform.io/hashicorp/aws","change":{"actions":["create"],"before":null,"after":{"cidr_blocks":null,"description":null,"from_port":53,"ipv6_cidr_blocks":null,"prefix_list_ids":null,"protocol":"udp","security_group_id":"module.transit.module.cloudguard_gateway_B.aws_security_group.private.id","self":false,"source_security_group_id":"module.transit.module.mgmt.aws_security_group.management.id","to_port":53,"type":"ingress"},"after_unknown":{"id":true}}},{"address":"module.transit.module.cloudguard_gateway_B.aws_security_group_rule.inbound_636","module_address":"module.transit.module.cloudguard_gateway_B","mode":"managed","type":"aws_security_group_rule","name":"inbound_636","provider_name":"registry.terraform.io/hashicorp/aws","change":{"actions":["create"],"before":null,"after":{"cidr_blocks":null,"description":null,"from_port":636,"ipv6_cidr_blocks":null,"prefix_list_ids":null,"protocol":"tcp","security_group_id":"module.transit.module.cloudguard_gateway_B.aws_security_group.private.id","self":false,"source_security_group_id":"module.transit.module.mgmt.aws_security_group.management.id","to_port":636,"type":"ingress"},"after_unknown":{"id":true}}},{"address":"module.transit.module.cloudguard_gateway_B.aws_security_group_rule.inbound_69","module_address":"module.transit.module.cloudguard_gateway_B","mode":"managed","type":"aws_security_group_rule","name":"inbound_69","provider_name":"registry.terraform.io/hashicorp/aws","change":{"actions":["create"],"before":null,"after":{"cidr_blocks":null,"description":null,"from_port":69,"ipv6_cidr_blocks":null,"prefix_list_ids":null,"protocol":"udp","security_group_id":"module.transit.module.cloudguard_gateway_B.aws_security_group.private.id","self":false,"source_security_group_id":"module.transit.module.mgmt.aws_security_group.management.id","to_port":69,"type":"ingress"},"after_unknown":{"id":true}}},{"address":"module.transit.module.cloudguard_gateway_B.aws_security_group_rule.outbound_18191_18192","module_address":"module.transit.module.cloudguard_gateway_B","mode":"managed","type":"aws_security_group_rule","name":"outbound_18191_18192","provider_name":"registry.terraform.io/hashicorp/aws","change":{"actions":["create"],"before":null,"after":{"cidr_blocks":null,"description":null,"from_port":18191,"ipv6_cidr_blocks":null,"prefix_list_ids":null,"protocol":"tcp","security_group_id":"module.transit.module.cloudguard_gateway_B.aws_security_group.private.id","self":false,"source_security_group_id":"module.transit.module.mgmt.aws_security_group.management.id","to_port":18192,"type":"egress"},"after_unknown":{"id":true}}},{"address":"module.transit.module.cloudguard_gateway_B.aws_security_group_rule.outbound_18210_18211","module_address":"module.transit.module.cloudguard_gateway_B","mode":"managed","type":"aws_security_group_rule","name":"outbound_18210_18211","provider_name":"registry.terraform.io/hashicorp/aws","change":{"actions":["create"],"before":null,"after":{"cidr_blocks":null,"description":null,"from_port":18210,"ipv6_cidr_blocks":null,"prefix_list_ids":null,"protocol":"tcp","security_group_id":"module.transit.module.cloudguard_gateway_B.aws_security_group.private.id","self":false,"source_security_group_id":"module.transit.module.mgmt.aws_security_group.management.id","to_port":18211,"type":"egress"},"after_unknown":{"id":true}}},{"address":"module.transit.module.cloudguard_gateway_B.aws_security_group_rule.outbound_18221","module_address":"module.transit.module.cloudguard_gateway_B","mode":"managed","type":"aws_security_group_rule","name":"outbound_18221","provider_name":"registry.terraform.io/hashicorp/aws","change":{"actions":["create"],"before":null,"after":{"cidr_blocks":null,"description":null,"from_port":18221,"ipv6_cidr_blocks":null,"prefix_list_ids":null,"protocol":"tcp","security_group_id":"module.transit.module.cloudguard_gateway_B.aws_security_group.private.id","self":false,"source_security_group_id":"module.transit.module.mgmt.aws_security_group.management.id","to_port":18221,"type":"egress"},"after_unknown":{"id":true}}},{"address":"module.transit.module.cloudguard_gateway_B.aws_security_group_rule.outbound_18264","module_address":"module.transit.module.cloudguard_gateway_B","mode":"managed","type":"aws_security_group_rule","name":"outbound_18264","provider_name":"registry.terraform.io/hashicorp/aws","change":{"actions":["create"],"before":null,"after":{"cidr_blocks":null,"description":null,"from_port":18264,"ipv6_cidr_blocks":null,"prefix_list_ids":null,"protocol":"tcp","security_group_id":"module.transit.module.cloudguard_gateway_B.aws_security_group.private.id","self":false,"source_security_group_id":"module.transit.module.mgmt.aws_security_group.management.id","to_port":18264,"type":"egress"},"after_unknown":{"id":true}}},{"address":"module.transit.module.cloudguard_gateway_B.aws_security_group_rule.outbound_257","module_address":"module.transit.module.cloudguard_gateway_B","mode":"managed","type":"aws_security_group_rule","name":"outbound_257","provider_name":"registry.terraform.io/hashicorp/aws","change":{"actions":["create"],"before":null,"after":{"cidr_blocks":null,"description":null,"from_port":257,"ipv6_cidr_blocks":null,"prefix_list_ids":null,"protocol":"tcp","security_group_id":"module.transit.module.cloudguard_gateway_B.aws_security_group.private.id","self":false,"source_security_group_id":"module.transit.module.mgmt.aws_security_group.management.id","to_port":257,"type":"egress"},"after_unknown":{"id":true}}},{"address":"module.transit.module.cloudguard_gateway_B.aws_security_group_rule.public_inbound","module_address":"module.transit.module.cloudguard_gateway_B","mode":"managed","type":"aws_security_group_rule","name":"public_inbound","provider_name":"registry.terraform.io/hashicorp/aws","change":{"actions":["create"],"before":null,"after":{"cidr_blocks":["0.0.0.0/0"],"description":null,"from_port":0,"ipv6_cidr_blocks":null,"prefix_list_ids":null,"protocol":"-1","security_group_id":"module.transit.module.cloudguard_gateway_B.aws_security_group.public.id","self":false,"to_port":0,"type":"ingress"},"after_unknown":{"cidr_blocks":[false],"id":true,"source_security_group_id":true}}},{"address":"module.transit.module.cloudguard_gateway_B.aws_security_group_rule.public_outbound","module_address":"module.transit.module.cloudguard_gateway_B","mode":"managed","type":"aws_security_group_rule","name":"public_outbound","provider_name":"registry.terraform.io/hashicorp/aws","change":{"actions":["create"],"before":null,"after":{"cidr_blocks":["0.0.0.0/0"],"description":null,"from_port":0,"ipv6_cidr_blocks":null,"prefix_list_ids":null,"protocol":"-1","security_group_id":"module.transit.module.cloudguard_gateway_B.aws_security_group.public.id","self":false,"to_port":0,"type":"egress"},"after_unknown":{"cidr_blocks":[false],"id":true,"source_security_group_id":true}}},{"address":"module.transit.module.cloudguard_gateway_B.data.aws_subnet.private","module_address":"module.transit.module.cloudguard_gateway_B","mode":"data","type":"aws_subnet","name":"private","provider_name":"registry.terraform.io/hashicorp/aws","change":{"actions":["read"],"before":null,"after":{"filter":[],"id":"module.transit.module.transit_vpc.aws_subnet.private[10.60.20.0/24].id"},"after_unknown":{"arn":true,"assign_ipv6_address_on_creation":true,"availability_zone":true,"availability_zone_id":true,"available_ip_address_count":true,"cidr_block":true,"customer_owned_ipv4_pool":true,"default_for_az":true,"filter":[],"ipv6_cidr_block":true,"ipv6_cidr_block_association_id":true,"map_customer_owned_ip_on_launch":true,"map_public_ip_on_launch":true,"outpost_arn":true,"owner_id":true,"state":true,"tags":true,"vpc_id":true}}},{"address":"module.transit.module.cloudguard_gateway_B.data.aws_subnet.public","module_address":"module.transit.module.cloudguard_gateway_B","mode":"data","type":"aws_subnet","name":"public","provider_name":"registry.terraform.io/hashicorp/aws","change":{"actions":["read"],"before":null,"after":{"filter":[],"id":"module.transit.module.transit_vpc.aws_subnet.public[10.60.2.0/24].id"},"after_unknown":{"arn":true,"assign_ipv6_address_on_creation":true,"availability_zone":true,"availability_zone_id":true,"available_ip_address_count":true,"cidr_block":true,"customer_owned_ipv4_pool":true,"default_for_az":true,"filter":[],"ipv6_cidr_block":true,"ipv6_cidr_block_association_id":true,"map_customer_owned_ip_on_launch":true,"map_public_ip_on_launch":true,"outpost_arn":true,"owner_id":true,"state":true,"tags":true,"vpc_id":true}}},{"address":"module.transit.module.mgmt.aws_iam_instance_profile.management","module_address":"module.transit.module.mgmt","mode":"managed","type":"aws_iam_instance_profile","name":"management","provider_name":"registry.terraform.io/hashicorp/aws","change":{"actions":["create"],"before":null,"after":{"name_prefix":null,"path":"/","role":"module.transit.module.mgmt.aws_iam_role.management.name","tags":null},"after_unknown":{"arn":true,"create_date":true,"id":true,"name":true,"tags_all":true,"unique_id":true}}},{"address":"module.transit.module.mgmt.aws_iam_policy.management","module_address":"module.transit.module.mgmt","mode":"managed","type":"aws_iam_policy","name":"management","provider_name":"registry.terraform.io/hashicorp/aws","change":{"actions":["create"],"before":null,"after":{"description":null,"name_prefix":null,"path":"/","policy":"{\n  \"Version\": \"2012-10-17\",\n  \"Statement\": [\n    {\n      \"Sid\": \"ChkpManagementServerReadCreatePermissions\",\n      \"Effect\": \"Allow\",\n      \"Action\": [\n        \"elasticloadbalancing:DescribeTargetHealth\",\n        \"elasticloadbalancing:DescribeTargetGroups\",\n        \"elasticloadbalancing:DescribeTags\",\n        \"elasticloadbalancing:DescribeRules\",\n        \"elasticloadbalancing:DescribeLoadBalancers\",\n        \"elasticloadbalancing:DescribeListeners\",\n        \"ec2:GetTransitGatewayAttachmentPropagations\",\n        \"ec2:EnableVgwRoutePropagation\",\n        \"ec2:EnableTransitGatewayRouteTablePropagation\",\n        \"ec2:DisassociateTransitGatewayRouteTable\",\n        \"ec2:DisableVgwRoutePropagation\",\n        \"ec2:DisableTransitGatewayRouteTablePropagation\",\n        \"ec2:DetachVpnGateway\",\n        \"ec2:DescribeVpnGateways\",\n        \"ec2:DescribeVpnConnections\",\n        \"ec2:DescribeVpcs\",\n        \"ec2:DescribeTransitGateways\",\n        \"ec2:DescribeTransitGatewayRouteTables\",\n        \"ec2:DescribeTransitGatewayAttachments\",\n        \"ec2:DescribeSubnets\",\n        \"ec2:DescribeSecurityGroups\",\n        \"ec2:DescribeRouteTables\",\n        \"ec2:DescribeNetworkInterfaces\",\n        \"ec2:DescribeInstances\",\n        \"ec2:DescribeCustomerGateways\",\n        \"ec2:DeleteVpnGateway\",\n        \"ec2:DeleteVpnConnection\",\n        \"ec2:DeleteCustomerGateway\",\n        \"ec2:CreateVpnGateway\",\n        \"ec2:CreateVpnConnection\",\n        \"ec2:CreateCustomerGateway\",\n        \"ec2:AttachVpnGateway\",\n        \"ec2:AssociateTransitGatewayRouteTable\",\n        \"cloudformation:DescribeStacks\",\n        \"cloudformation:DescribeStackResources\",\n        \"cloudformation:DeleteStack\",\n        \"cloudformation:CreateStack\",\n        \"autoscaling:DescribeAutoScalingGroups\"\n      ],\n      \"Resource\": \"*\"\n    }\n  ]\n}","tags":null},"after_unknown":{"arn":true,"id":true,"name":true,"policy_id":true,"tags_all":true}}},{"address":"module.transit.module.mgmt.aws_iam_role.management","module_address":"module.transit.module.mgmt","mode":"managed","type":"aws_iam_role","name":"management","provider_name":"registry.terraform.io/hashicorp/aws","change":{"actions":["create"],"before":null,"after":{"assume_role_policy":"{\n  \"Version\": \"2012-10-17\",\n  \"Statement\": [\n    {\n      \"Sid\": \"AssumeRole\",\n      \"Effect\": \"Allow\",\n      \"Action\": \"sts:AssumeRole\",\n      \"Principal\": {\n        \"Service\": \"ec2.amazonaws.com\"\n      }\n    }\n  ]\n}","description":null,"force_detach_policies":false,"inline_policy":[],"max_session_duration":3600,"name_prefix":null,"path":"/","permissions_boundary":null,"tags":null},"after_unknown":{"arn":true,"create_date":true,"id":true,"inline_policy":[],"managed_policy_arns":true,"name":true,"tags_all":true,"unique_id":true}}},{"address":"module.transit.module.mgmt.aws_iam_role_policy_attachment.management","module_address":"module.transit.module.mgmt","mode":"managed","type":"aws_iam_role_policy_attachment","name":"management","provider_name":"registry.terraform.io/hashicorp/aws","change":{"actions":["create"],"before":null,"after":{"policy_arn":"module.transit.module.mgmt.aws_iam_policy.management.arn","role":"module.transit.module.mgmt.aws_iam_role.management.name"},"after_unknown":{"id":true}}},{"address":"module.transit.module.mgmt.aws_instance.management","module_address":"module.transit.module.mgmt","mode":"managed","type":"aws_instance","name":"management","provider_name":"registry.terraform.io/hashicorp/aws","change":{"actions":["create"],"before":null,"after":{"ami":"ami-0ee02acd56a52998e","capacity_reservation_specification":[],"credit_specification":[],"disable_api_termination":null,"ebs_block_device":[{"delete_on_termination":null,"device_name":"/dev/xvda","encrypted":null,"iops":null,"kms_key_id":null,"snapshot_id":null,"tags":null,"throughput":null,"volume_id":null,"volume_size":100,"volume_type":"gp2"}],"ebs_optimized":null,"enclave_options":[],"ephemeral_block_device":[],"get_password_data":false,"hibernation":null,"iam_instance_profile":"module.transit.module.mgmt.aws_iam_instance_profile.management.name","instance_type":"m5.large","key_name":"aws_key_pair.key.id","metadata_options":[],"monitoring":null,"network_interface":[{"delete_on_termination":null,"device_index":0,"network_interface_id":"module.transit.module.mgmt.aws_network_interface.management.id"}],"root_block_device":[],"source_dest_check":null,"tags":{"Name":"chkp-mgmt"},"tags_all":{"Name":"chkp-mgmt"},"timeouts":null,"user_data":null,"user_data_base64":"ICAgICMhL2Jpbi9iYXNoCiAgICBlY2hvCg==","volume_tags":null},"after_unknown":{"arn":true,"associate_public_ip_address":true,"availability_zone":true,"capacity_reservation_specification":[],"cpu_core_count":true,"cpu_threads_per_core":true,"credit_specification":[],"ebs_block_device":[{}],"enclave_options":[],"ephemeral_block_device":[],"host_id":true,"id":true,"instance_initiated_shutdown_behavior":true,"instance_state":true,"ipv6_address_count":true,"ipv6_addresses":true,"metadata_options":[],"network_interface":[{}],"outpost_arn":true,"password_data":true,"placement_group":true,"primary_network_interface_id":true,"private_dns":true,"private_ip":true,"public_dns":true,"public_ip":true,"root_block_device":[],"secondary_private_ips":true,"security_groups":true,"subnet_id":true,"tags":{},"tags_all":{},"tenancy":true,"vpc_security_group_ids":true}}},{"address":"module.transit.module.mgmt.aws_network_acl_rule.inbound_admin_18190","module_address":"module.transit.module.mgmt","mode":"managed","type":"aws_network_acl_rule","name":"inbound_admin_18190","provider_name":"registry.terraform.io/hashicorp/aws","change":{"actions":["create"],"before":null,"after":{"cidr_block":"81.47.147.15/32","egress":false,"from_port":18190,"icmp_code":null,"icmp_type":null,"ipv6_cidr_block":null,"network_acl_id":"module.transit.module.mgmt_vpc.aws_network_acl.public[0].id","protocol":"tcp","rule_action":"allow","rule_number":102,"to_port":18190},"after_unknown":{"id":true}}},{"address":"module.transit.module.mgmt.aws_network_acl_rule.inbound_admin_19009","module_address":"module.transit.module.mgmt","mode":"managed","type":"aws_network_acl_rule","name":"inbound_admin_19009","provider_name":"registry.terraform.io/hashicorp/aws","change":{"actions":["create"],"before":null,"after":{"cidr_block":"81.47.147.15/32","egress":false,"from_port":19009,"icmp_code":null,"icmp_type":null,"ipv6_cidr_block":null,"network_acl_id":"module.transit.module.mgmt_vpc.aws_network_acl.public[0].id","protocol":"tcp","rule_action":"allow","rule_number":103,"to_port":19009},"after_unknown":{"id":true}}},{"address":"module.transit.module.mgmt.aws_network_acl_rule.inbound_admin_22","module_address":"module.transit.module.mgmt","mode":"managed","type":"aws_network_acl_rule","name":"inbound_admin_22","provider_name":"registry.terraform.io/hashicorp/aws","change":{"actions":["create"],"before":null,"after":{"cidr_block":"81.47.147.15/32","egress":false,"from_port":22,"icmp_code":null,"icmp_type":null,"ipv6_cidr_block":null,"network_acl_id":"module.transit.module.mgmt_vpc.aws_network_acl.public[0].id","protocol":"tcp","rule_action":"allow","rule_number":100,"to_port":22},"after_unknown":{"id":true}}},{"address":"module.transit.module.mgmt.aws_network_acl_rule.inbound_admin_443","module_address":"module.transit.module.mgmt","mode":"managed","type":"aws_network_acl_rule","name":"inbound_admin_443","provider_name":"registry.terraform.io/hashicorp/aws","change":{"actions":["create"],"before":null,"after":{"cidr_block":"81.47.147.15/32","egress":false,"from_port":443,"icmp_code":null,"icmp_type":null,"ipv6_cidr_block":null,"network_acl_id":"module.transit.module.mgmt_vpc.aws_network_acl.public[0].id","protocol":"tcp","rule_action":"allow","rule_number":101,"to_port":443},"after_unknown":{"id":true}}},{"address":"module.transit.module.mgmt.aws_network_acl_rule.inbound_ephemeral","module_address":"module.transit.module.mgmt","mode":"managed","type":"aws_network_acl_rule","name":"inbound_ephemeral","provider_name":"registry.terraform.io/hashicorp/aws","change":{"actions":["create"],"before":null,"after":{"cidr_block":"0.0.0.0/0","egress":false,"from_port":1024,"icmp_code":null,"icmp_type":null,"ipv6_cidr_block":null,"network_acl_id":"module.transit.module.mgmt_vpc.aws_network_acl.public[0].id","protocol":"tcp","rule_action":"allow","rule_number":99,"to_port":65535},"after_unknown":{"id":true}}},{"address":"module.transit.module.mgmt.aws_network_acl_rule.inbound_transit_gw_A","module_address":"module.transit.module.mgmt","mode":"managed","type":"aws_network_acl_rule","name":"inbound_transit_gw_A","provider_name":"registry.terraform.io/hashicorp/aws","change":{"actions":["create"],"before":null,"after":{"cidr_block":"10.60.10.0/24","egress":false,"from_port":0,"icmp_code":null,"icmp_type":null,"ipv6_cidr_block":null,"network_acl_id":"module.transit.module.mgmt_vpc.aws_network_acl.public[0].id","protocol":"-1","rule_action":"allow","rule_number":200,"to_port":65535},"after_unknown":{"id":true}}},{"address":"module.transit.module.mgmt.aws_network_acl_rule.inbound_transit_gw_B","module_address":"module.transit.module.mgmt","mode":"managed","type":"aws_network_acl_rule","name":"inbound_transit_gw_B","provider_name":"registry.terraform.io/hashicorp/aws","change":{"actions":["create"],"before":null,"after":{"cidr_block":"10.60.20.0/24","egress":false,"from_port":0,"icmp_code":null,"icmp_type":null,"ipv6_cidr_block":null,"network_acl_id":"module.transit.module.mgmt_vpc.aws_network_acl.public[0].id","protocol":"-1","rule_action":"allow","rule_number":201,"to_port":65535},"after_unknown":{"id":true}}},{"address":"module.transit.module.mgmt.aws_network_acl_rule.outbound","module_address":"module.transit.module.mgmt","mode":"managed","type":"aws_network_acl_rule","name":"outbound","provider_name":"registry.terraform.io/hashicorp/aws","change":{"actions":["create"],"before":null,"after":{"cidr_block":"0.0.0.0/0","egress":true,"from_port":0,"icmp_code":null,"icmp_type":null,"ipv6_cidr_block":null,"network_acl_id":"module.transit.module.mgmt_vpc.aws_network_acl.public[0].id","protocol":"-1","rule_action":"allow","rule_number":104,"to_port":65535},"after_unknown":{"id":true}}},{"address":"module.transit.module.mgmt.aws_network_interface.management","module_address":"module.transit.module.mgmt","mode":"managed","type":"aws_network_interface","name":"management","provider_name":"registry.terraform.io/hashicorp/aws","change":{"actions":["create"],"before":null,"after":{"attachment":[],"description":"eth0","security_groups":["module.transit.module.mgmt.aws_security_group.management.id"],"source_dest_check":true,"subnet_id":"module.transit.module.mgmt_vpc.aws_subnet.public[10.50.1.0/24].id","tags":null},"after_unknown":{"attachment":[],"id":true,"interface_type":true,"ipv6_address_count":true,"ipv6_addresses":true,"mac_address":true,"outpost_arn":true,"private_dns_name":true,"private_ip":true,"private_ips":true,"private_ips_count":true,"security_groups":[false],"tags_all":true}}},{"address":"module.transit.module.mgmt.aws_security_group.management","module_address":"module.transit.module.mgmt","mode":"managed","type":"aws_security_group","name":"management","provider_name":"registry.terraform.io/hashicorp/aws","change":{"actions":["create"],"before":null,"after":{"description":"SG for Checkpoint Cloudguard Management Server","revoke_rules_on_delete":false,"tags":{"Name":"transitvpc-management-chkp-mgmt"},"tags_all":{"Name":"transitvpc-management-chkp-mgmt"},"timeouts":null,"vpc_id":"module.transit.module.mgmt_vpc.aws_vpc.vpc.id"},"after_unknown":{"arn":true,"egress":true,"id":true,"ingress":true,"name":true,"name_prefix":true,"owner_id":true,"tags":{},"tags_all":{}}}},{"address":"module.transit.module.mgmt.aws_security_group_rule.outbound","module_address":"module.transit.module.mgmt","mode":"managed","type":"aws_security_group_rule","name":"outbound","provider_name":"registry.terraform.io/hashicorp/aws","change":{"actions":["create"],"before":null,"after":{"cidr_blocks":["0.0.0.0/0"],"description":null,"from_port":0,"ipv6_cidr_blocks":null,"prefix_list_ids":null,"protocol":"-1","security_group_id":"module.transit.module.mgmt.aws_security_group.management.id","self":false,"to_port":65535,"type":"egress"},"after_unknown":{"cidr_blocks":[false],"id":true,"source_security_group_id":true}}},{"address":"module.transit.module.mgmt.aws_security_group_rule.tcp_18190","module_address":"module.transit.module.mgmt","mode":"managed","type":"aws_security_group_rule","name":"tcp_18190","provider_name":"registry.terraform.io/hashicorp/aws","change":{"actions":["create"],"before":null,"after":{"cidr_blocks":["81.47.147.15/32"],"description":null,"from_port":18190,"ipv6_cidr_blocks":null,"prefix_list_ids":null,"protocol":"tcp","security_group_id":"module.transit.module.mgmt.aws_security_group.management.id","self":false,"to_port":18190,"type":"ingress"},"after_unknown":{"cidr_blocks":[false],"id":true,"source_security_group_id":true}}},{"address":"module.transit.module.mgmt.aws_security_group_rule.tcp_18191_18192","module_address":"module.transit.module.mgmt","mode":"managed","type":"aws_security_group_rule","name":"tcp_18191_18192","provider_name":"registry.terraform.io/hashicorp/aws","change":{"actions":["create"],"before":null,"after":{"cidr_blocks":["10.60.10.0/24","10.60.20.0/24"],"description":null,"from_port":18191,"ipv6_cidr_blocks":null,"prefix_list_ids":null,"protocol":"tcp","security_group_id":"module.transit.module.mgmt.aws_security_group.management.id","self":false,"to_port":18192,"type":"ingress"},"after_unknown":{"cidr_blocks":[false,false],"id":true,"source_security_group_id":true}}},{"address":"module.transit.module.mgmt.aws_security_group_rule.tcp_18210_18211","module_address":"module.transit.module.mgmt","mode":"managed","type":"aws_security_group_rule","name":"tcp_18210_18211","provider_name":"registry.terraform.io/hashicorp/aws","change":{"actions":["create"],"before":null,"after":{"cidr_blocks":["10.60.10.0/24","10.60.20.0/24"],"description":null,"from_port":18210,"ipv6_cidr_blocks":null,"prefix_list_ids":null,"protocol":"tcp","security_group_id":"module.transit.module.mgmt.aws_security_group.management.id","self":false,"to_port":18211,"type":"ingress"},"after_unknown":{"cidr_blocks":[false,false],"id":true,"source_security_group_id":true}}},{"address":"module.transit.module.mgmt.aws_security_group_rule.tcp_18221","module_address":"module.transit.module.mgmt","mode":"managed","type":"aws_security_group_rule","name":"tcp_18221","provider_name":"registry.terraform.io/hashicorp/aws","change":{"actions":["create"],"before":null,"after":{"cidr_blocks":["10.60.10.0/24","10.60.20.0/24"],"description":null,"from_port":18221,"ipv6_cidr_blocks":null,"prefix_list_ids":null,"protocol":"tcp","security_group_id":"module.transit.module.mgmt.aws_security_group.management.id","self":false,"to_port":18221,"type":"ingress"},"after_unknown":{"cidr_blocks":[false,false],"id":true,"source_security_group_id":true}}},{"address":"module.transit.module.mgmt.aws_security_group_rule.tcp_18264","module_address":"module.transit.module.mgmt","mode":"managed","type":"aws_security_group_rule","name":"tcp_18264","provider_name":"registry.terraform.io/hashicorp/aws","change":{"actions":["create"],"before":null,"after":{"cidr_blocks":["10.60.10.0/24","10.60.20.0/24"],"description":null,"from_port":18264,"ipv6_cidr_blocks":null,"prefix_list_ids":null,"protocol":"tcp","security_group_id":"module.transit.module.mgmt.aws_security_group.management.id","self":false,"to_port":18264,"type":"ingress"},"after_unknown":{"cidr_blocks":[false,false],"id":true,"source_security_group_id":true}}},{"address":"module.transit.module.mgmt.aws_security_group_rule.tcp_19009","module_address":"module.transit.module.mgmt","mode":"managed","type":"aws_security_group_rule","name":"tcp_19009","provider_name":"registry.terraform.io/hashicorp/aws","change":{"actions":["create"],"before":null,"after":{"cidr_blocks":["81.47.147.15/32"],"description":null,"from_port":19009,"ipv6_cidr_blocks":null,"prefix_list_ids":null,"protocol":"tcp","security_group_id":"module.transit.module.mgmt.aws_security_group.management.id","self":false,"to_port":19009,"type":"ingress"},"after_unknown":{"cidr_blocks":[false],"id":true,"source_security_group_id":true}}},{"address":"module.transit.module.mgmt.aws_security_group_rule.tcp_22","module_address":"module.transit.module.mgmt","mode":"managed","type":"aws_security_group_rule","name":"tcp_22","provider_name":"registry.terraform.io/hashicorp/aws","change":{"actions":["create"],"before":null,"after":{"cidr_blocks":["81.47.147.15/32"],"description":null,"from_port":22,"ipv6_cidr_blocks":null,"prefix_list_ids":null,"protocol":"tcp","security_group_id":"module.transit.module.mgmt.aws_security_group.management.id","self":false,"to_port":22,"type":"ingress"},"after_unknown":{"cidr_blocks":[false],"id":true,"source_security_group_id":true}}},{"address":"module.transit.module.mgmt.aws_security_group_rule.tcp_257","module_address":"module.transit.module.mgmt","mode":"managed","type":"aws_security_group_rule","name":"tcp_257","provider_name":"registry.terraform.io/hashicorp/aws","change":{"actions":["create"],"before":null,"after":{"cidr_blocks":["10.60.10.0/24","10.60.20.0/24"],"description":null,"from_port":257,"ipv6_cidr_blocks":null,"prefix_list_ids":null,"protocol":"tcp","security_group_id":"module.transit.module.mgmt.aws_security_group.management.id","self":false,"to_port":257,"type":"ingress"},"after_unknown":{"cidr_blocks":[false,false],"id":true,"source_security_group_id":true}}},{"address":"module.transit.module.mgmt.aws_security_group_rule.tcp_443","module_address":"module.transit.module.mgmt","mode":"managed","type":"aws_security_group_rule","name":"tcp_443","provider_name":"registry.terraform.io/hashicorp/aws","change":{"actions":["create"],"before":null,"after":{"cidr_blocks":["81.47.147.15/32"],"description":null,"from_port":443,"ipv6_cidr_blocks":null,"prefix_list_ids":null,"protocol":"tcp","security_group_id":"module.transit.module.mgmt.aws_security_group.management.id","self":false,"to_port":443,"type":"ingress"},"after_unknown":{"cidr_blocks":[false],"id":true,"source_security_group_id":true}}},{"address":"module.transit.module.mgmt_vpc.aws_default_network_acl.default","module_address":"module.transit.module.mgmt_vpc","mode":"managed","type":"aws_default_network_acl","name":"default","provider_name":"registry.terraform.io/hashicorp/aws","change":{"actions":["create"],"before":null,"after":{"default_network_acl_id":"module.transit.module.mgmt_vpc.aws_vpc.vpc.default_network_acl_id","egress":[],"ingress":[],"subnet_ids":null,"tags":null},"after_unknown":{"arn":true,"egress":[],"id":true,"ingress":[],"owner_id":true,"tags_all":true,"vpc_id":true}}},{"address":"module.transit.module.mgmt_vpc.aws_default_security_group.default","module_address":"module.transit.module.mgmt_vpc","mode":"managed","type":"aws_default_security_group","name":"default","provider_name":"registry.terraform.io/hashicorp/aws","change":{"actions":["create"],"before":null,"after":{"revoke_rules_on_delete":false,"tags":null,"vpc_id":"module.transit.module.mgmt_vpc.aws_vpc.vpc.id"},"after_unknown":{"arn":true,"description":true,"egress":true,"id":true,"ingress":true,"name":true,"owner_id":true,"tags_all":true}}},{"address":"module.transit.module.mgmt_vpc.aws_internet_gateway.igw[0]","module_address":"module.transit.module.mgmt_vpc","mode":"managed","type":"aws_internet_gateway","name":"igw","index":0,"provider_name":"registry.terraform.io/hashicorp/aws","change":{"actions":["create"],"before":null,"after":{"tags":{"Environment":"testing","Name":"chkp_mgmt_vpc"},"tags_all":{"Environment":"testing","Name":"chkp_mgmt_vpc"},"vpc_id":"module.transit.module.mgmt_vpc.aws_vpc.vpc.id"},"after_unknown":{"arn":true,"id":true,"owner_id":true,"tags":{},"tags_all":{}}}},{"address":"module.transit.module.mgmt_vpc.aws_network_acl.public[0]","module_address":"module.transit.module.mgmt_vpc","mode":"managed","type":"aws_network_acl","name":"public","index":0,"provider_name":"registry.terraform.io/hashicorp/aws","change":{"actions":["create"],"before":null,"after":{"subnet_ids":["module.transit.module.mgmt_vpc.aws_subnet.public[10.50.1.0/24].id"],"tags":{"Environment":"testing","Name":"chkp_mgmt_vpc-public"},"tags_all":{"Environment":"testing","Name":"chkp_mgmt_vpc-public"},"vpc_id":"module.transit.module.mgmt_vpc.aws_vpc.vpc.id"},"after_unknown":{"arn":true,"egress":true,"id":true,"ingress":true,"owner_id":true,"subnet_ids":[false],"tags":{},"tags_all":{}}}},{"address":"module.transit.module.mgmt_vpc.aws_route.public[0]","module_address":"module.transit.module.mgmt_vpc","mode":"managed","type":"aws_route","name":"public","index":0,"provider_name":"registry.terraform.io/hashicorp/aws","change":{"actions":["create"],"before":null,"after":{"carrier_gateway_id":null,"destination_cidr_block":"0.0.0.0/0","destination_ipv6_cidr_block":null,"destination_prefix_list_id":null,"egress_only_gateway_id":null,"gateway_id":"module.transit.module.mgmt_vpc.aws_internet_gateway.igw[0].id","local_gateway_id":null,"nat_gateway_id":null,"route_table_id":"module.transit.module.mgmt_vpc.aws_route_table.public[0].id","timeouts":null,"transit_gateway_id":null,"vpc_endpoint_id":null,"vpc_peering_connection_id":null},"after_unknown":{"id":true,"instance_id":true,"instance_owner_id":true,"network_interface_id":true,"origin":true,"state":true}}},{"address":"module.transit.module.mgmt_vpc.aws_route_table.public[0]","module_address":"module.transit.module.mgmt_vpc","mode":"managed","type":"aws_route_table","name":"public","index":0,"provider_name":"registry.terraform.io/hashicorp/aws","change":{"actions":["create"],"before":null,"after":{"tags":{"Environment":"testing","Name":"chkp_mgmt_vpc-public"},"tags_all":{"Environment":"testing","Name":"chkp_mgmt_vpc-public"},"vpc_id":"module.transit.module.mgmt_vpc.aws_vpc.vpc.id"},"after_unknown":{"arn":true,"id":true,"owner_id":true,"propagating_vgws":true,"route":true,"tags":{},"tags_all":{}}}},{"address":"module.transit.module.mgmt_vpc.aws_route_table_association.public[0]","module_address":"module.transit.module.mgmt_vpc","mode":"managed","type":"aws_route_table_association","name":"public","index":0,"provider_name":"registry.terraform.io/hashicorp/aws","change":{"actions":["create"],"before":null,"after":{"gateway_id":null,"route_table_id":"module.transit.module.mgmt_vpc.aws_route_table.public[0].id","subnet_id":"module.transit.module.mgmt_vpc.aws_subnet.public[10.50.1.0/24].id"},"after_unknown":{"id":true}}},{"address":"module.transit.module.mgmt_vpc.aws_subnet.public[\"10.50.1.0/24\"]","module_address":"module.transit.module.mgmt_vpc","mode":"managed","type":"aws_subnet","name":"public","index":"10.50.1.0/24","provider_name":"registry.terraform.io/hashicorp/aws","change":{"actions":["create"],"before":null,"after":{"assign_ipv6_address_on_creation":false,"availability_zone":"us-east-1a","cidr_block":"10.50.1.0/24","customer_owned_ipv4_pool":null,"ipv6_cidr_block":null,"map_customer_owned_ip_on_launch":null,"map_public_ip_on_launch":true,"outpost_arn":null,"tags":{"Environment":"testing","Name":"chkp_mgmt_vpc-public"},"tags_all":{"Environment":"testing","Name":"chkp_mgmt_vpc-public"},"timeouts":null,"vpc_id":"module.transit.module.mgmt_vpc.aws_vpc.vpc.id"},"after_unknown":{"arn":true,"availability_zone_id":true,"id":true,"ipv6_cidr_block_association_id":true,"owner_id":true,"tags":{},"tags_all":{}}}},{"address":"module.transit.module.mgmt_vpc.aws_vpc.vpc","module_address":"module.transit.module.mgmt_vpc","mode":"managed","type":"aws_vpc","name":"vpc","provider_name":"registry.terraform.io/hashicorp/aws","change":{"actions":["create"],"before":null,"after":{"assign_generated_ipv6_cidr_block":false,"cidr_block":"10.50.0.0/16","enable_dns_hostnames":true,"enable_dns_support":true,"instance_tenancy":"default","tags":{"Environment":"testing","Name":"chkp_mgmt_vpc"},"tags_all":{"Environment":"testing","Name":"chkp_mgmt_vpc"}},"after_unknown":{"arn":true,"default_network_acl_id":true,"default_route_table_id":true,"default_security_group_id":true,"dhcp_options_id":true,"enable_classiclink":true,"enable_classiclink_dns_support":true,"id":true,"ipv6_association_id":true,"ipv6_cidr_block":true,"main_route_table_id":true,"owner_id":true,"tags":{},"tags_all":{}}}},{"address":"module.transit.module.transit_vpc.aws_default_network_acl.default","module_address":"module.transit.module.transit_vpc","mode":"managed","type":"aws_default_network_acl","name":"default","provider_name":"registry.terraform.io/hashicorp/aws","change":{"actions":["create"],"before":null,"after":{"default_network_acl_id":"module.transit.module.transit_vpc.aws_vpc.vpc.default_network_acl_id","egress":[],"ingress":[],"subnet_ids":null,"tags":null},"after_unknown":{"arn":true,"egress":[],"id":true,"ingress":[],"owner_id":true,"tags_all":true,"vpc_id":true}}},{"address":"module.transit.module.transit_vpc.aws_default_security_group.default","module_address":"module.transit.module.transit_vpc","mode":"managed","type":"aws_default_security_group","name":"default","provider_name":"registry.terraform.io/hashicorp/aws","change":{"actions":["create"],"before":null,"after":{"revoke_rules_on_delete":false,"tags":null,"vpc_id":"module.transit.module.transit_vpc.aws_vpc.vpc.id"},"after_unknown":{"arn":true,"description":true,"egress":true,"id":true,"ingress":true,"name":true,"owner_id":true,"tags_all":true}}},{"address":"module.transit.module.transit_vpc.aws_internet_gateway.igw[0]","module_address":"module.transit.module.transit_vpc","mode":"managed","type":"aws_internet_gateway","name":"igw","index":0,"provider_name":"registry.terraform.io/hashicorp/aws","change":{"actions":["create"],"before":null,"after":{"tags":{"Environment":"testing","Name":"chkp_transit_vpc"},"tags_all":{"Environment":"testing","Name":"chkp_transit_vpc"},"vpc_id":"module.transit.module.transit_vpc.aws_vpc.vpc.id"},"after_unknown":{"arn":true,"id":true,"owner_id":true,"tags":{},"tags_all":{}}}},{"address":"module.transit.module.transit_vpc.aws_network_acl.private[0]","module_address":"module.transit.module.transit_vpc","mode":"managed","type":"aws_network_acl","name":"private","index":0,"provider_name":"registry.terraform.io/hashicorp/aws","change":{"actions":["create"],"before":null,"after":{"subnet_ids":["module.transit.module.transit_vpc.aws_subnet.private[10.60.10.0/24].id","module.transit.module.transit_vpc.aws_subnet.private[10.60.20.0/24].id"],"tags":{"Environment":"testing","Name":"chkp_transit_vpc-private"},"tags_all":{"Environment":"testing","Name":"chkp_transit_vpc-private"},"vpc_id":"module.transit.module.transit_vpc.aws_vpc.vpc.id"},"after_unknown":{"arn":true,"egress":true,"id":true,"ingress":true,"owner_id":true,"subnet_ids":[false,false],"tags":{},"tags_all":{}}}},{"address":"module.transit.module.transit_vpc.aws_network_acl.public[0]","module_address":"module.transit.module.transit_vpc","mode":"managed","type":"aws_network_acl","name":"public","index":0,"provider_name":"registry.terraform.io/hashicorp/aws","change":{"actions":["create"],"before":null,"after":{"subnet_ids":["module.transit.module.transit_vpc.aws_subnet.public[10.60.1.0/24].id","module.transit.module.transit_vpc.aws_subnet.public[10.60.2.0/24].id"],"tags":{"Environment":"testing","Name":"chkp_transit_vpc-public"},"tags_all":{"Environment":"testing","Name":"chkp_transit_vpc-public"},"vpc_id":"module.transit.module.transit_vpc.aws_vpc.vpc.id"},"after_unknown":{"arn":true,"egress":true,"id":true,"ingress":true,"owner_id":true,"subnet_ids":[false,false],"tags":{},"tags_all":{}}}},{"address":"module.transit.module.transit_vpc.aws_route.public[0]","module_address":"module.transit.module.transit_vpc","mode":"managed","type":"aws_route","name":"public","index":0,"provider_name":"registry.terraform.io/hashicorp/aws","change":{"actions":["create"],"before":null,"after":{"carrier_gateway_id":null,"destination_cidr_block":"0.0.0.0/0","destination_ipv6_cidr_block":null,"destination_prefix_list_id":null,"egress_only_gateway_id":null,"gateway_id":"module.transit.module.transit_vpc.aws_internet_gateway.igw[0].id","local_gateway_id":null,"nat_gateway_id":null,"route_table_id":"module.transit.module.transit_vpc.aws_route_table.public[0].id","timeouts":null,"transit_gateway_id":null,"vpc_endpoint_id":null,"vpc_peering_connection_id":null},"after_unknown":{"id":true,"instance_id":true,"instance_owner_id":true,"network_interface_id":true,"origin":true,"state":true}}},{"address":"module.transit.module.transit_vpc.aws_route_table.private[0]","module_address":"module.transit.module.transit_vpc","mode":"managed","type":"aws_route_table","name":"private","index":0,"provider_name":"registry.terraform.io/hashicorp/aws","change":{"actions":["create"],"before":null,"after":{"tags":{"Environment":"testing","Name":"chkp_transit_vpc-private"},"tags_all":{"Environment":"testing","Name":"chkp_transit_vpc-private"},"vpc_id":"module.transit.module.transit_vpc.aws_vpc.vpc.id"},"after_unknown":{"arn":true,"id":true,"owner_id":true,"propagating_vgws":true,"route":true,"tags":{},"tags_all":{}}}},{"address":"module.transit.module.transit_vpc.aws_route_table.public[0]","module_address":"module.transit.module.transit_vpc","mode":"managed","type":"aws_route_table","name":"public","index":0,"provider_name":"registry.terraform.io/hashicorp/aws","change":{"actions":["create"],"before":null,"after":{"tags":{"Environment":"testing","Name":"chkp_transit_vpc-public"},"tags_all":{"Environment":"testing","Name":"chkp_transit_vpc-public"},"vpc_id":"module.transit.module.transit_vpc.aws_vpc.vpc.id"},"after_unknown":{"arn":true,"id":true,"owner_id":true,"propagating_vgws":true,"route":true,"tags":{},"tags_all":{}}}},{"address":"module.transit.module.transit_vpc.aws_route_table_association.private[0]","module_address":"module.transit.module.transit_vpc","mode":"managed","type":"aws_route_table_association","name":"private","index":0,"provider_name":"registry.terraform.io/hashicorp/aws","change":{"actions":["create"],"before":null,"after":{"gateway_id":null,"route_table_id":"module.transit.module.transit_vpc.aws_route_table.private[0].id","subnet_id":"module.transit.module.transit_vpc.aws_subnet.private[10.60.10.0/24].id"},"after_unknown":{"id":true}}},{"address":"module.transit.module.transit_vpc.aws_route_table_association.private[1]","module_address":"module.transit.module.transit_vpc","mode":"managed","type":"aws_route_table_association","name":"private","index":1,"provider_name":"registry.terraform.io/hashicorp/aws","change":{"actions":["create"],"before":null,"after":{"gateway_id":null,"route_table_id":"module.transit.module.transit_vpc.aws_route_table.private[0].id","subnet_id":"module.transit.module.transit_vpc.aws_subnet.private[10.60.20.0/24].id"},"after_unknown":{"id":true}}},{"address":"module.transit.module.transit_vpc.aws_route_table_association.public[0]","module_address":"module.transit.module.transit_vpc","mode":"managed","type":"aws_route_table_association","name":"public","index":0,"provider_name":"registry.terraform.io/hashicorp/aws","change":{"actions":["create"],"before":null,"after":{"gateway_id":null,"route_table_id":"module.transit.module.transit_vpc.aws_route_table.public[0].id","subnet_id":"module.transit.module.transit_vpc.aws_subnet.public[10.60.1.0/24].id"},"after_unknown":{"id":true}}},{"address":"module.transit.module.transit_vpc.aws_route_table_association.public[1]","module_address":"module.transit.module.transit_vpc","mode":"managed","type":"aws_route_table_association","name":"public","index":1,"provider_name":"registry.terraform.io/hashicorp/aws","change":{"actions":["create"],"before":null,"after":{"gateway_id":null,"route_table_id":"module.transit.module.transit_vpc.aws_route_table.public[0].id","subnet_id":"module.transit.module.transit_vpc.aws_subnet.public[10.60.2.0/24].id"},"after_unknown":{"id":true}}},{"address":"module.transit.module.transit_vpc.aws_subnet.private[\"10.60.10.0/24\"]","module_address":"module.transit.module.transit_vpc","mode":"managed","type":"aws_subnet","name":"private","index":"10.60.10.0/24","provider_name":"registry.terraform.io/hashicorp/aws","change":{"actions":["create"],"before":null,"after":{"assign_ipv6_address_on_creation":false,"availability_zone":"us-east-1a","cidr_block":"10.60.10.0/24","customer_owned_ipv4_pool":null,"ipv6_cidr_block":null,"map_customer_owned_ip_on_launch":null,"map_public_ip_on_launch":false,"outpost_arn":null,"tags":{"Environment":"testing","Name":"chkp_transit_vpc-privateA"},"tags_all":{"Environment":"testing","Name":"chkp_transit_vpc-privateA"},"timeouts":null,"vpc_id":"module.transit.module.transit_vpc.aws_vpc.vpc.id"},"after_unknown":{"arn":true,"availability_zone_id":true,"id":true,"ipv6_cidr_block_association_id":true,"owner_id":true,"tags":{},"tags_all":{}}}},{"address":"module.transit.module.transit_vpc.aws_subnet.private[\"10.60.20.0/24\"]","module_address":"module.transit.module.transit_vpc","mode":"managed","type":"aws_subnet","name":"private","index":"10.60.20.0/24","provider_name":"registry.terraform.io/hashicorp/aws","change":{"actions":["create"],"before":null,"after":{"assign_ipv6_address_on_creation":false,"availability_zone":"us-east-1b","cidr_block":"10.60.20.0/24","customer_owned_ipv4_pool":null,"ipv6_cidr_block":null,"map_customer_owned_ip_on_launch":null,"map_public_ip_on_launch":false,"outpost_arn":null,"tags":{"Environment":"testing","Name":"chkp_transit_vpc-privateB"},"tags_all":{"Environment":"testing","Name":"chkp_transit_vpc-privateB"},"timeouts":null,"vpc_id":"module.transit.module.transit_vpc.aws_vpc.vpc.id"},"after_unknown":{"arn":true,"availability_zone_id":true,"id":true,"ipv6_cidr_block_association_id":true,"owner_id":true,"tags":{},"tags_all":{}}}},{"address":"module.transit.module.transit_vpc.aws_subnet.public[\"10.60.1.0/24\"]","module_address":"module.transit.module.transit_vpc","mode":"managed","type":"aws_subnet","name":"public","index":"10.60.1.0/24","provider_name":"registry.terraform.io/hashicorp/aws","change":{"actions":["create"],"before":null,"after":{"assign_ipv6_address_on_creation":false,"availability_zone":"us-east-1a","cidr_block":"10.60.1.0/24","customer_owned_ipv4_pool":null,"ipv6_cidr_block":null,"map_customer_owned_ip_on_launch":null,"map_public_ip_on_launch":true,"outpost_arn":null,"tags":{"Environment":"testing","Name":"chkp_transit_vpc-publicA"},"tags_all":{"Environment":"testing","Name":"chkp_transit_vpc-publicA"},"timeouts":null,"vpc_id":"module.transit.module.transit_vpc.aws_vpc.vpc.id"},"after_unknown":{"arn":true,"availability_zone_id":true,"id":true,"ipv6_cidr_block_association_id":true,"owner_id":true,"tags":{},"tags_all":{}}}},{"address":"module.transit.module.transit_vpc.aws_subnet.public[\"10.60.2.0/24\"]","module_address":"module.transit.module.transit_vpc","mode":"managed","type":"aws_subnet","name":"public","index":"10.60.2.0/24","provider_name":"registry.terraform.io/hashicorp/aws","change":{"actions":["create"],"before":null,"after":{"assign_ipv6_address_on_creation":false,"availability_zone":"us-east-1b","cidr_block":"10.60.2.0/24","customer_owned_ipv4_pool":null,"ipv6_cidr_block":null,"map_customer_owned_ip_on_launch":null,"map_public_ip_on_launch":true,"outpost_arn":null,"tags":{"Environment":"testing","Name":"chkp_transit_vpc-publicB"},"tags_all":{"Environment":"testing","Name":"chkp_transit_vpc-publicB"},"timeouts":null,"vpc_id":"module.transit.module.transit_vpc.aws_vpc.vpc.id"},"after_unknown":{"arn":true,"availability_zone_id":true,"id":true,"ipv6_cidr_block_association_id":true,"owner_id":true,"tags":{},"tags_all":{}}}},{"address":"module.transit.module.transit_vpc.aws_vpc.vpc","module_address":"module.transit.module.transit_vpc","mode":"managed","type":"aws_vpc","name":"vpc","provider_name":"registry.terraform.io/hashicorp/aws","change":{"actions":["create"],"before":null,"after":{"assign_generated_ipv6_cidr_block":false,"cidr_block":"10.60.0.0/16","enable_dns_hostnames":true,"enable_dns_support":true,"instance_tenancy":"default","tags":{"Environment":"testing","Name":"chkp_transit_vpc"},"tags_all":{"Environment":"testing","Name":"chkp_transit_vpc"}},"after_unknown":{"arn":true,"default_network_acl_id":true,"default_route_table_id":true,"default_security_group_id":true,"dhcp_options_id":true,"enable_classiclink":true,"enable_classiclink_dns_support":true,"id":true,"ipv6_association_id":true,"ipv6_cidr_block":true,"main_route_table_id":true,"owner_id":true,"tags":{},"tags_all":{}}}}],"output_changes":{"chkp_management_security_group":{"actions":["create"],"before":null,"after":"module.transit.module.mgmt.aws_security_group.management.id","after_unknown":false},"gateway_public_ip":{"actions":["create"],"before":null,"after":"module.transit.module.cloudguard_gateway_B.aws_eip.public.public_ip","after_unknown":false},"private_nacl":{"actions":["create"],"before":null,"after":["module.transit.module.transit_vpc.aws_network_acl.private[0].id"],"after_unknown":false},"private_route_table":{"actions":["create"],"before":null,"after":"module.transit.module.transit_vpc.aws_route_table.private[0].id","after_unknown":false},"private_subnets":{"actions":["create"],"before":null,"after":["module.transit.module.transit_vpc.aws_subnet.private[10.60.10.0/24].id","module.transit.module.transit_vpc.aws_subnet.private[10.60.20.0/24].id"],"after_unknown":false},"public_nacl":{"actions":["create"],"before":null,"after":["module.transit.module.transit_vpc.aws_network_acl.public[0].id"],"after_unknown":false},"public_route_table":{"actions":["create"],"before":null,"after":"module.transit.module.mgmt_vpc.aws_route_table.public[0].id","after_unknown":false},"public_subnets":{"actions":["create"],"before":null,"after":["module.transit.module.transit_vpc.aws_subnet.public[10.60.1.0/24].id","module.transit.module.transit_vpc.aws_subnet.public[10.60.2.0/24].id"],"after_unknown":false},"subnet_id":{"actions":["create"],"before":null,"after":"module.spoke.module.spoke1_vpc.aws_subnet.subnet.id","after_unknown":false},"vpc_id":{"actions":["create"],"before":null,"after":"module.spoke.module.spoke1_vpc.aws_vpc.vpc.id","after_unknown":false}},"prior_state":{"format_version":"0.1","terraform_version":"0.13.4","values":{"root_module":{"child_modules":[{"resources":[{"address":"module.transit.data.aws_ami.ubuntu","mode":"data","type":"aws_ami","name":"ubuntu","provider_name":"registry.terraform.io/hashicorp/aws","schema_version":0,"values":{"architecture":"x86_64","arn":"arn:aws:ec2:us-east-1::image/ami-0ee02acd56a52998e","block_device_mappings":[{"device_name":"/dev/sda1","ebs":{"delete_on_termination":"true","encrypted":"false","iops":"0","snapshot_id":"snap-02ea480fc9e115bab","throughput":"0","volume_size":"8","volume_type":"gp2"},"no_device":"","virtual_name":""},{"device_name":"/dev/sdb","ebs":{},"no_device":"","virtual_name":"ephemeral0"},{"device_name":"/dev/sdc","ebs":{},"no_device":"","virtual_name":"ephemeral1"}],"creation_date":"2021-04-29T05:50:56.000Z","description":"Canonical, Ubuntu, 16.04 LTS, amd64 xenial image build on 2021-04-29","ena_support":true,"executable_users":null,"filter":[{"name":"name","values":["ubuntu/images/hvm-ssd/ubuntu-xenial-16.04-amd64-server-*"]},{"name":"virtualization-type","values":["hvm"]}],"hypervisor":"xen","id":"ami-0ee02acd56a52998e","image_id":"ami-0ee02acd56a52998e","image_location":"099720109477/ubuntu/images/hvm-ssd/ubuntu-xenial-16.04-amd64-server-20210429","image_owner_alias":null,"image_type":"machine","kernel_id":null,"most_recent":true,"name":"ubuntu/images/hvm-ssd/ubuntu-xenial-16.04-amd64-server-20210429","name_regex":null,"owner_id":"099720109477","owners":["099720109477"],"platform":null,"platform_details":"Linux/UNIX","product_codes":[],"public":true,"ramdisk_id":null,"root_device_name":"/dev/sda1","root_device_type":"ebs","root_snapshot_id":"snap-02ea480fc9e115bab","sriov_net_support":"simple","state":"available","state_reason":{"code":"UNSET","message":"UNSET"},"tags":{},"usage_operation":"RunInstances","virtualization_type":"hvm"}},{"address":"module.transit.data.aws_region.current","mode":"data","type":"aws_region","name":"current","provider_name":"registry.terraform.io/hashicorp/aws","schema_version":0,"values":{"description":"US East (N. Virginia)","endpoint":"ec2.us-east-1.amazonaws.com","id":"us-east-1","name":"us-east-1"}}],"address":"module.transit","child_modules":[{"resources":[{"address":"module.transit.module.mgmt.data.aws_iam_policy_document.management-assume","mode":"data","type":"aws_iam_policy_document","name":"management-assume","provider_name":"registry.terraform.io/hashicorp/aws","schema_version":0,"values":{"id":"1075942833","json":"{\n  \"Version\": \"2012-10-17\",\n  \"Statement\": [\n    {\n      \"Sid\": \"AssumeRole\",\n      \"Effect\": \"Allow\",\n      \"Action\": \"sts:AssumeRole\",\n      \"Principal\": {\n        \"Service\": \"ec2.amazonaws.com\"\n      }\n    }\n  ]\n}","override_json":null,"override_policy_documents":null,"policy_id":null,"source_json":null,"source_policy_documents":null,"statement":[{"actions":["sts:AssumeRole"],"condition":[],"effect":"Allow","not_actions":[],"not_principals":[],"not_resources":[],"principals":[{"identifiers":["ec2.amazonaws.com"],"type":"Service"}],"resources":[],"sid":"AssumeRole"}],"version":"2012-10-17"}},{"address":"module.transit.module.mgmt.data.aws_iam_policy_document.management-policy","mode":"data","type":"aws_iam_policy_document","name":"management-policy","provider_name":"registry.terraform.io/hashicorp/aws","schema_version":0,"values":{"id":"263375954","json":"{\n  \"Version\": \"2012-10-17\",\n  \"Statement\": [\n    {\n      \"Sid\": \"ChkpManagementServerReadCreatePermissions\",\n      \"Effect\": \"Allow\",\n      \"Action\": [\n        \"elasticloadbalancing:DescribeTargetHealth\",\n        \"elasticloadbalancing:DescribeTargetGroups\",\n        \"elasticloadbalancing:DescribeTags\",\n        \"elasticloadbalancing:DescribeRules\",\n        \"elasticloadbalancing:DescribeLoadBalancers\",\n        \"elasticloadbalancing:DescribeListeners\",\n        \"ec2:GetTransitGatewayAttachmentPropagations\",\n        \"ec2:EnableVgwRoutePropagation\",\n        \"ec2:EnableTransitGatewayRouteTablePropagation\",\n        \"ec2:DisassociateTransitGatewayRouteTable\",\n        \"ec2:DisableVgwRoutePropagation\",\n        \"ec2:DisableTransitGatewayRouteTablePropagation\",\n        \"ec2:DetachVpnGateway\",\n        \"ec2:DescribeVpnGateways\",\n        \"ec2:DescribeVpnConnections\",\n        \"ec2:DescribeVpcs\",\n        \"ec2:DescribeTransitGateways\",\n        \"ec2:DescribeTransitGatewayRouteTables\",\n        \"ec2:DescribeTransitGatewayAttachments\",\n        \"ec2:DescribeSubnets\",\n        \"ec2:DescribeSecurityGroups\",\n        \"ec2:DescribeRouteTables\",\n        \"ec2:DescribeNetworkInterfaces\",\n        \"ec2:DescribeInstances\",\n        \"ec2:DescribeCustomerGateways\",\n        \"ec2:DeleteVpnGateway\",\n        \"ec2:DeleteVpnConnection\",\n        \"ec2:DeleteCustomerGateway\",\n        \"ec2:CreateVpnGateway\",\n        \"ec2:CreateVpnConnection\",\n        \"ec2:CreateCustomerGateway\",\n        \"ec2:AttachVpnGateway\",\n        \"ec2:AssociateTransitGatewayRouteTable\",\n        \"cloudformation:DescribeStacks\",\n        \"cloudformation:DescribeStackResources\",\n        \"cloudformation:DeleteStack\",\n        \"cloudformation:CreateStack\",\n        \"autoscaling:DescribeAutoScalingGroups\"\n      ],\n      \"Resource\": \"*\"\n    }\n  ]\n}","override_json":null,"override_policy_documents":null,"policy_id":null,"source_json":null,"source_policy_documents":null,"statement":[{"actions":["autoscaling:DescribeAutoScalingGroups","cloudformation:CreateStack","cloudformation:DeleteStack","cloudformation:DescribeStackResources","cloudformation:DescribeStacks","ec2:AssociateTransitGatewayRouteTable","ec2:AttachVpnGateway","ec2:CreateCustomerGateway","ec2:CreateVpnConnection","ec2:CreateVpnGateway","ec2:DeleteCustomerGateway","ec2:DeleteVpnConnection","ec2:DeleteVpnGateway","ec2:DescribeCustomerGateways","ec2:DescribeInstances","ec2:DescribeNetworkInterfaces","ec2:DescribeRouteTables","ec2:DescribeSecurityGroups","ec2:DescribeSubnets","ec2:DescribeTransitGatewayAttachments","ec2:DescribeTransitGatewayRouteTables","ec2:DescribeTransitGateways","ec2:DescribeVpcs","ec2:DescribeVpnConnections","ec2:DescribeVpnGateways","ec2:DetachVpnGateway","ec2:DisableTransitGatewayRouteTablePropagation","ec2:DisableVgwRoutePropagation","ec2:DisassociateTransitGatewayRouteTable","ec2:EnableTransitGatewayRouteTablePropagation","ec2:EnableVgwRoutePropagation","ec2:GetTransitGatewayAttachmentPropagations","elasticloadbalancing:DescribeListeners","elasticloadbalancing:DescribeLoadBalancers","elasticloadbalancing:DescribeRules","elasticloadbalancing:DescribeTags","elasticloadbalancing:DescribeTargetGroups","elasticloadbalancing:DescribeTargetHealth"],"condition":[],"effect":"Allow","not_actions":[],"not_principals":[],"not_resources":[],"principals":[],"resources":["*"],"sid":"ChkpManagementServerReadCreatePermissions"}],"version":"2012-10-17"}},{"address":"module.transit.module.mgmt.data.aws_region.current","mode":"data","type":"aws_region","name":"current","provider_name":"registry.terraform.io/hashicorp/aws","schema_version":0,"values":{"description":"US East (N. Virginia)","endpoint":"ec2.us-east-1.amazonaws.com","id":"us-east-1","name":"us-east-1"}}],"address":"module.transit.module.mgmt"}]}]}}},"configuration":{"provider_config":{"aws":{"name":"aws","expressions":{"region":{"constant_value":"us-east-1"}}}},"root_module":{"resources":[{"address":"aws_key_pair.key","mode":"managed","type":"aws_key_pair","name":"key","provider_config_key":"aws","expressions":{"key_name":{"constant_value":"madeupkey"},"public_key":{"constant_value":"ssh-rsa AAAAB3NzaC1yc2EAAAADAQABAAABAQD3F6tyPEFEzV0LX3X8BsXdMsQz1x2cEikKDEY0aIj41qgxMCP/iteneqXSIFZBp5vizPvaoIR3Um9xK7PGoW8giupGn+EPuxIA4cDM4vzOqOkiMPhz5XK0whEjkVzTo4+S0puvDZuwIsdiW9mxhJc7tgBNL0cYlWSYVkz4G/fslNfRPW5mYAM49f4fhtxPb5ok4Q2Lg9dPKVHO/Bgeu5woMc7RY0p1ej6D4CKFE6lymSDJpW0YHX/wqE9+cfEauh7xZcG0q9t2ta6F6fmX0agvpFyZo8aFbXeUBr7osSCJNgvavWbM/06niWrOvYX2xwWdhXmXSrbX8ZbabVohBK41 email@example.com"}},"schema_version":1,"raw_data":{"FileName":"main.tf","StartLine":5,"EndLine":8}}],"module_calls":{"spoke":{"source":"./spoke-vpc","expressions":{"key_name":{"references":["aws_key_pair.key"]}},"module":{"module_calls":{"spoke1_vpc":{"source":"../modules/spoke_vpc","expressions":{"admin_subnet":{"references":["local.chkp_transit_vpc_cidr_block"]},"app_name":{"constant_value":"spoke1"},"cidr_block":{"references":["local.spoke1_vpc_cidr_block"]},"environment":{"references":["local.environment"]},"instance_image":{"references":["local.spoke_instance_ami"]},"instance_type":{"references":["local.spoke_instance_type"]},"key_name":{"references":["var.key_name"]},"name":{"constant_value":"spoke1_vpc"},"provisioning_tag_value":{"references":["local.chkp_tag","local.chkp_tag"]},"spoke_service_access":{"references":["local.spoke2_vpc_cidr_block"]},"subnet_cidr":{"references":["local.spoke1_vpc_subnet_cidr"]}},"module":{"outputs":{"subnet_id":{"expression":{"references":["aws_subnet.subnet"]},"description":"Subnet ID"},"vpc_id":{"expression":{"references":["aws_vpc.vpc"]},"description":"The ID of the VPC"}},"resources":[{"address":"aws_default_network_acl.default","mode":"managed","type":"aws_default_network_acl","name":"default","provider_config_key":"spoke1_vpc:aws","expressions":{"default_network_acl_id":{"references":["aws_vpc.vpc"]}},"schema_version":0,"raw_data":{"FileName":"modules/spoke_vpc/main.tf","StartLine":18,"EndLine":20}},{"address":"aws_default_security_group.default","mode":"managed","type":"aws_default_security_group","name":"default","provider_config_key":"spoke1_vpc:aws","expressions":{"vpc_id":{"references":["aws_vpc.vpc"]}},"schema_version":1,"raw_data":{"FileName":"modules/spoke_vpc/main.tf","StartLine":24,"EndLine":26}},{"address":"aws_instance.app","mode":"managed","type":"aws_instance","name":"app","provider_config_key":"spoke1_vpc:aws","expressions":{"ami":{"references":["var.instance_image"]},"instance_type":{"references":["var.instance_type"]},"key_name":{"references":["var.key_name"]},"subnet_id":{"references":["aws_subnet.subnet"]},"tags":{"references":["var.name","var.environment"]},"vpc_security_group_ids":{"references":["aws_security_group.app"]}},"schema_version":1,"raw_data":{"FileName":"modules/spoke_vpc/main.tf","StartLine":180,"EndLine":190}},{"address":"aws_network_acl.nacl","mode":"managed","type":"aws_network_acl","name":"nacl","provider_config_key":"spoke1_vpc:aws","expressions":{"subnet_ids":{"references":["aws_subnet.subnet"]},"tags":{"references":["var.app_name","var.environment"]},"vpc_id":{"references":["aws_vpc.vpc"]}},"schema_version":0,"raw_data":{"FileName":"modules/spoke_vpc/main.tf","StartLine":43,"EndLine":50}},{"address":"aws_network_acl_rule.egress_ephemeral","mode":"managed","type":"aws_network_acl_rule","name":"egress_ephemeral","provider_config_key":"spoke1_vpc:aws","expressions":{"cidr_block":{"constant_value":"0.0.0.0/0"},"egress":{"constant_value":true},"from_port":{"constant_value":1024},"network_acl_id":{"references":["aws_network_acl.nacl"]},"protocol":{"constant_value":"tcp"},"rule_action":{"constant_value":"allow"},"rule_number":{"constant_value":103},"to_port":{"constant_value":65535}},"schema_version":0,"raw_data":{"FileName":"modules/spoke_vpc/main.tf","StartLine":118,"EndLine":127}},{"address":"aws_network_acl_rule.egress_http","mode":"managed","type":"aws_network_acl_rule","name":"egress_http","provider_config_key":"spoke1_vpc:aws","expressions":{"cidr_block":{"constant_value":"0.0.0.0/0"},"egress":{"constant_value":true},"from_port":{"constant_value":80},"network_acl_id":{"references":["aws_network_acl.nacl"]},"protocol":{"constant_value":"tcp"},"rule_action":{"constant_value":"allow"},"rule_number":{"constant_value":101},"to_port":{"constant_value":80}},"schema_version":0,"raw_data":{"FileName":"modules/spoke_vpc/main.tf","StartLine":96,"EndLine":105}},{"address":"aws_network_acl_rule.egress_https","mode":"managed","type":"aws_network_acl_rule","name":"egress_https","provider_config_key":"spoke1_vpc:aws","expressions":{"cidr_block":{"constant_value":"0.0.0.0/0"},"egress":{"constant_value":true},"from_port":{"constant_value":443},"network_acl_id":{"references":["aws_network_acl.nacl"]},"protocol":{"constant_value":"tcp"},"rule_action":{"constant_value":"allow"},"rule_number":{"constant_value":102},"to_port":{"constant_value":443}},"schema_version":0,"raw_data":{"FileName":"modules/spoke_vpc/main.tf","StartLine":107,"EndLine":116}},{"address":"aws_network_acl_rule.egress_ssh","mode":"managed","type":"aws_network_acl_rule","name":"egress_ssh","provider_config_key":"spoke1_vpc:aws","expressions":{"cidr_block":{"references":["var.spoke_service_access"]},"egress":{"constant_value":true},"from_port":{"constant_value":22},"network_acl_id":{"references":["aws_network_acl.nacl"]},"protocol":{"constant_value":"tcp"},"rule_action":{"constant_value":"allow"},"rule_number":{"constant_value":100},"to_port":{"constant_value":22}},"schema_version":0,"raw_data":{"FileName":"modules/spoke_vpc/main.tf","StartLine":85,"EndLine":94}},{"address":"aws_network_acl_rule.inbound_ephemeral","mode":"managed","type":"aws_network_acl_rule","name":"inbound_ephemeral","provider_config_key":"spoke1_vpc:aws","expressions":{"cidr_block":{"constant_value":"0.0.0.0/0"},"egress":{"constant_value":false},"from_port":{"constant_value":1024},"network_acl_id":{"references":["aws_network_acl.nacl"]},"protocol":{"constant_value":"tcp"},"rule_action":{"constant_value":"allow"},"rule_number":{"constant_value":102},"to_port":{"constant_value":65535}},"schema_version":0,"raw_data":{"FileName":"modules/spoke_vpc/main.tf","StartLine":74,"EndLine":83}},{"address":"aws_network_acl_rule.inbound_ssh_from_gws","mode":"managed","type":"aws_network_acl_rule","name":"inbound_ssh_from_gws","provider_config_key":"spoke1_vpc:aws","expressions":{"cidr_block":{"references":["var.admin_subnet"]},"egress":{"constant_value":false},"from_port":{"constant_value":22},"network_acl_id":{"references":["aws_network_acl.nacl"]},"protocol":{"constant_value":"tcp"},"rule_action":{"constant_value":"allow"},"rule_number":{"constant_value":101},"to_port":{"constant_value":22}},"schema_version":0,"raw_data":{"FileName":"modules/spoke_vpc/main.tf","StartLine":63,"EndLine":72}},{"address":"aws_network_acl_rule.inbound_ssh_from_other_spoke","mode":"managed","type":"aws_network_acl_rule","name":"inbound_ssh_from_other_spoke","provider_config_key":"spoke1_vpc:aws","expressions":{"cidr_block":{"references":["var.spoke_service_access"]},"egress":{"constant_value":false},"from_port":{"constant_value":22},"network_acl_id":{"references":["aws_network_acl.nacl"]},"protocol":{"constant_value":"tcp"},"rule_action":{"constant_value":"allow"},"rule_number":{"constant_value":100},"to_port":{"constant_value":22}},"schema_version":0,"raw_data":{"FileName":"modules/spoke_vpc/main.tf","StartLine":52,"EndLine":61}},{"address":"aws_security_group.app","mode":"managed","type":"aws_security_group","name":"app","provider_config_key":"spoke1_vpc:aws","expressions":{"description":{"constant_value":"SG for internal App"},"tags":{"references":["var.name","var.environment"]},"vpc_id":{"references":["aws_vpc.vpc"]}},"schema_version":1,"raw_data":{"FileName":"modules/spoke_vpc/main.tf","StartLine":132,"EndLine":139}},{"address":"aws_security_group_rule.inbound_ssh","mode":"managed","type":"aws_security_group_rule","name":"inbound_ssh","provider_config_key":"spoke1_vpc:aws","expressions":{"cidr_blocks":{"references":["var.admin_subnet","var.spoke_service_access"]},"from_port":{"constant_value":22},"protocol":{"constant_value":"tcp"},"security_group_id":{"references":["aws_security_group.app"]},"to_port":{"constant_value":22},"type":{"constant_value":"ingress"}},"schema_version":2,"raw_data":{"FileName":"modules/spoke_vpc/main.tf","StartLine":141,"EndLine":148}},{"address":"aws_security_group_rule.outbound_http","mode":"managed","type":"aws_security_group_rule","name":"outbound_http","provider_config_key":"spoke1_vpc:aws","expressions":{"cidr_blocks":{"constant_value":["0.0.0.0/0"]},"from_port":{"constant_value":80},"protocol":{"constant_value":"tcp"},"security_group_id":{"references":["aws_security_group.app"]},"to_port":{"constant_value":80},"type":{"constant_value":"egress"}},"schema_version":2,"raw_data":{"FileName":"modules/spoke_vpc/main.tf","StartLine":150,"EndLine":157}},{"address":"aws_security_group_rule.outbound_https","mode":"managed","type":"aws_security_group_rule","name":"outbound_https","provider_config_key":"spoke1_vpc:aws","expressions":{"cidr_blocks":{"constant_value":["0.0.0.0/0"]},"from_port":{"constant_value":443},"protocol":{"constant_value":"tcp"},"security_group_id":{"references":["aws_security_group.app"]},"to_port":{"constant_value":443},"type":{"constant_value":"egress"}},"schema_version":2,"raw_data":{"FileName":"modules/spoke_vpc/main.tf","StartLine":159,"EndLine":166}},{"address":"aws_security_group_rule.outbound_ssh","mode":"managed","type":"aws_security_group_rule","name":"outbound_ssh","provider_config_key":"spoke1_vpc:aws","expressions":{"cidr_blocks":{"references":["var.spoke_service_access"]},"from_port":{"constant_value":22},"protocol":{"constant_value":"tcp"},"security_group_id":{"references":["aws_security_group.app"]},"to_port":{"constant_value":22},"type":{"constant_value":"egress"}},"schema_version":2,"raw_data":{"FileName":"modules/spoke_vpc/main.tf","StartLine":168,"EndLine":175}},{"address":"aws_subnet.subnet","mode":"managed","type":"aws_subnet","name":"subnet","provider_config_key":"spoke1_vpc:aws","expressions":{"cidr_block":{"references":["var.subnet_cidr"]},"tags":{"references":["var.app_name","var.environment"]},"vpc_id":{"references":["aws_vpc.vpc"]}},"schema_version":1,"raw_data":{"FileName":"modules/spoke_vpc/main.tf","StartLine":31,"EndLine":38}},{"address":"aws_vpc.vpc","mode":"managed","type":"aws_vpc","name":"vpc","provider_config_key":"spoke1_vpc:aws","expressions":{"cidr_block":{"references":["var.cidr_block"]},"enable_dns_hostnames":{"constant_value":true},"enable_dns_support":{"constant_value":true},"instance_tenancy":{"constant_value":"default"},"tags":{"references":["var.name","var.environment","var.provisioning_tag_value"]}},"schema_version":1,"raw_data":{"FileName":"modules/spoke_vpc/main.tf","StartLine":4,"EndLine":14}}],"variables":{"admin_subnet":{"description":"IP address range allowed to manage instances"},"app_name":{"description":"Identifier of VPC app resources"},"cidr_block":{"description":"The CIDR block for the VPC, must be in form x.x.x.x/16-28"},"environment":{"description":"Specify the environment type (dev, stage, prod)"},"instance_image":{"description":"AMI ID"},"instance_type":{"description":"Instance type"},"key_name":{"description":"SSH key name"},"name":{"description":"Name to be used as identifier on all resources"},"provisioning_tag_value":{"description":"Tag value for CHKP autoprovisioning"},"spoke_service_access":{"description":"IP address range allowed into this spoke"},"subnet_cidr":{"description":"The CIDR block for the Subnet, must be in form x.x.x.x/16-28"}}},"raw_data":{"FileName":"spoke-vpc/main.tf","StartLine":19,"EndLine":32}},"spoke2_vpc":{"source":"../modules/spoke_vpc","expressions":{"admin_subnet":{"references":["local.chkp_transit_vpc_cidr_block"]},"app_name":{"constant_value":"spoke2"},"cidr_block":{"references":["local.spoke2_vpc_cidr_block"]},"environment":{"references":["local.environment"]},"instance_image":{"references":["local.spoke_instance_ami"]},"instance_type":{"references":["local.spoke_instance_type"]},"key_name":{"references":["var.key_name"]},"name":{"constant_value":"spoke2_vpc"},"provisioning_tag_value":{"references":["local.chkp_tag","local.chkp_tag"]},"spoke_service_access":{"references":["local.spoke1_vpc_cidr_block"]},"subnet_cidr":{"references":["local.spoke2_vpc_subnet_cidr"]}},"module":{"outputs":{"subnet_id":{"expression":{"references":["aws_subnet.subnet"]},"description":"Subnet ID"},"vpc_id":{"expression":{"references":["aws_vpc.vpc"]},"description":"The ID of the VPC"}},"resources":[{"address":"aws_default_network_acl.default","mode":"managed","type":"aws_default_network_acl","name":"default","provider_config_key":"spoke2_vpc:aws","expressions":{"default_network_acl_id":{"references":["aws_vpc.vpc"]}},"schema_version":0,"raw_data":{"FileName":"modules/spoke_vpc/main.tf","StartLine":18,"EndLine":20}},{"address":"aws_default_security_group.default","mode":"managed","type":"aws_default_security_group","name":"default","provider_config_key":"spoke2_vpc:aws","expressions":{"vpc_id":{"references":["aws_vpc.vpc"]}},"schema_version":1,"raw_data":{"FileName":"modules/spoke_vpc/main.tf","StartLine":24,"EndLine":26}},{"address":"aws_instance.app","mode":"managed","type":"aws_instance","name":"app","provider_config_key":"spoke2_vpc:aws","expressions":{"ami":{"references":["var.instance_image"]},"instance_type":{"references":["var.instance_type"]},"key_name":{"references":["var.key_name"]},"subnet_id":{"references":["aws_subnet.subnet"]},"tags":{"references":["var.name","var.environment"]},"vpc_security_group_ids":{"references":["aws_security_group.app"]}},"schema_version":1,"raw_data":{"FileName":"modules/spoke_vpc/main.tf","StartLine":180,"EndLine":190}},{"address":"aws_network_acl.nacl","mode":"managed","type":"aws_network_acl","name":"nacl","provider_config_key":"spoke2_vpc:aws","expressions":{"subnet_ids":{"references":["aws_subnet.subnet"]},"tags":{"references":["var.app_name","var.environment"]},"vpc_id":{"references":["aws_vpc.vpc"]}},"schema_version":0,"raw_data":{"FileName":"modules/spoke_vpc/main.tf","StartLine":43,"EndLine":50}},{"address":"aws_network_acl_rule.egress_ephemeral","mode":"managed","type":"aws_network_acl_rule","name":"egress_ephemeral","provider_config_key":"spoke2_vpc:aws","expressions":{"cidr_block":{"constant_value":"0.0.0.0/0"},"egress":{"constant_value":true},"from_port":{"constant_value":1024},"network_acl_id":{"references":["aws_network_acl.nacl"]},"protocol":{"constant_value":"tcp"},"rule_action":{"constant_value":"allow"},"rule_number":{"constant_value":103},"to_port":{"constant_value":65535}},"schema_version":0,"raw_data":{"FileName":"modules/spoke_vpc/main.tf","StartLine":118,"EndLine":127}},{"address":"aws_network_acl_rule.egress_http","mode":"managed","type":"aws_network_acl_rule","name":"egress_http","provider_config_key":"spoke2_vpc:aws","expressions":{"cidr_block":{"constant_value":"0.0.0.0/0"},"egress":{"constant_value":true},"from_port":{"constant_value":80},"network_acl_id":{"references":["aws_network_acl.nacl"]},"protocol":{"constant_value":"tcp"},"rule_action":{"constant_value":"allow"},"rule_number":{"constant_value":101},"to_port":{"constant_value":80}},"schema_version":0,"raw_data":{"FileName":"modules/spoke_vpc/main.tf","StartLine":96,"EndLine":105}},{"address":"aws_network_acl_rule.egress_https","mode":"managed","type":"aws_network_acl_rule","name":"egress_https","provider_config_key":"spoke2_vpc:aws","expressions":{"cidr_block":{"constant_value":"0.0.0.0/0"},"egress":{"constant_value":true},"from_port":{"constant_value":443},"network_acl_id":{"references":["aws_network_acl.nacl"]},"protocol":{"constant_value":"tcp"},"rule_action":{"constant_value":"allow"},"rule_number":{"constant_value":102},"to_port":{"constant_value":443}},"schema_version":0,"raw_data":{"FileName":"modules/spoke_vpc/main.tf","StartLine":107,"EndLine":116}},{"address":"aws_network_acl_rule.egress_ssh","mode":"managed","type":"aws_network_acl_rule","name":"egress_ssh","provider_config_key":"spoke2_vpc:aws","expressions":{"cidr_block":{"references":["var.spoke_service_access"]},"egress":{"constant_value":true},"from_port":{"constant_value":22},"network_acl_id":{"references":["aws_network_acl.nacl"]},"protocol":{"constant_value":"tcp"},"rule_action":{"constant_value":"allow"},"rule_number":{"constant_value":100},"to_port":{"constant_value":22}},"schema_version":0,"raw_data":{"FileName":"modules/spoke_vpc/main.tf","StartLine":85,"EndLine":94}},{"address":"aws_network_acl_rule.inbound_ephemeral","mode":"managed","type":"aws_network_acl_rule","name":"inbound_ephemeral","provider_config_key":"spoke2_vpc:aws","expressions":{"cidr_block":{"constant_value":"0.0.0.0/0"},"egress":{"constant_value":false},"from_port":{"constant_value":1024},"network_acl_id":{"references":["aws_network_acl.nacl"]},"protocol":{"constant_value":"tcp"},"rule_action":{"constant_value":"allow"},"rule_number":{"constant_value":102},"to_port":{"constant_value":65535}},"schema_version":0,"raw_data":{"FileName":"modules/spoke_vpc/main.tf","StartLine":74,"EndLine":83}},{"address":"aws_network_acl_rule.inbound_ssh_from_gws","mode":"managed","type":"aws_network_acl_rule","name":"inbound_ssh_from_gws","provider_config_key":"spoke2_vpc:aws","expressions":{"cidr_block":{"references":["var.admin_subnet"]},"egress":{"constant_value":false},"from_port":{"constant_value":22},"network_acl_id":{"references":["aws_network_acl.nacl"]},"protocol":{"constant_value":"tcp"},"rule_action":{"constant_value":"allow"},"rule_number":{"constant_value":101},"to_port":{"constant_value":22}},"schema_version":0,"raw_data":{"FileName":"modules/spoke_vpc/main.tf","StartLine":63,"EndLine":72}},{"address":"aws_network_acl_rule.inbound_ssh_from_other_spoke","mode":"managed","type":"aws_network_acl_rule","name":"inbound_ssh_from_other_spoke","provider_config_key":"spoke2_vpc:aws","expressions":{"cidr_block":{"references":["var.spoke_service_access"]},"egress":{"constant_value":false},"from_port":{"constant_value":22},"network_acl_id":{"references":["aws_network_acl.nacl"]},"protocol":{"constant_value":"tcp"},"rule_action":{"constant_value":"allow"},"rule_number":{"constant_value":100},"to_port":{"constant_value":22}},"schema_version":0,"raw_data":{"FileName":"modules/spoke_vpc/main.tf","StartLine":52,"EndLine":61}},{"address":"aws_security_group.app","mode":"managed","type":"aws_security_group","name":"app","provider_config_key":"spoke2_vpc:aws","expressions":{"description":{"constant_value":"SG for internal App"},"tags":{"references":["var.name","var.environment"]},"vpc_id":{"references":["aws_vpc.vpc"]}},"schema_version":1,"raw_data":{"FileName":"modules/spoke_vpc/main.tf","StartLine":132,"EndLine":139}},{"address":"aws_security_group_rule.inbound_ssh","mode":"managed","type":"aws_security_group_rule","name":"inbound_ssh","provider_config_key":"spoke2_vpc:aws","expressions":{"cidr_blocks":{"references":["var.admin_subnet","var.spoke_service_access"]},"from_port":{"constant_value":22},"protocol":{"constant_value":"tcp"},"security_group_id":{"references":["aws_security_group.app"]},"to_port":{"constant_value":22},"type":{"constant_value":"ingress"}},"schema_version":2,"raw_data":{"FileName":"modules/spoke_vpc/main.tf","StartLine":141,"EndLine":148}},{"address":"aws_security_group_rule.outbound_http","mode":"managed","type":"aws_security_group_rule","name":"outbound_http","provider_config_key":"spoke2_vpc:aws","expressions":{"cidr_blocks":{"constant_value":["0.0.0.0/0"]},"from_port":{"constant_value":80},"protocol":{"constant_value":"tcp"},"security_group_id":{"references":["aws_security_group.app"]},"to_port":{"constant_value":80},"type":{"constant_value":"egress"}},"schema_version":2,"raw_data":{"FileName":"modules/spoke_vpc/main.tf","StartLine":150,"EndLine":157}},{"address":"aws_security_group_rule.outbound_https","mode":"managed","type":"aws_security_group_rule","name":"outbound_https","provider_config_key":"spoke2_vpc:aws","expressions":{"cidr_blocks":{"constant_value":["0.0.0.0/0"]},"from_port":{"constant_value":443},"protocol":{"constant_value":"tcp"},"security_group_id":{"references":["aws_security_group.app"]},"to_port":{"constant_value":443},"type":{"constant_value":"egress"}},"schema_version":2,"raw_data":{"FileName":"modules/spoke_vpc/main.tf","StartLine":159,"EndLine":166}},{"address":"aws_security_group_rule.outbound_ssh","mode":"managed","type":"aws_security_group_rule","name":"outbound_ssh","provider_config_key":"spoke2_vpc:aws","expressions":{"cidr_blocks":{"references":["var.spoke_service_access"]},"from_port":{"constant_value":22},"protocol":{"constant_value":"tcp"},"security_group_id":{"references":["aws_security_group.app"]},"to_port":{"constant_value":22},"type":{"constant_value":"egress"}},"schema_version":2,"raw_data":{"FileName":"modules/spoke_vpc/main.tf","StartLine":168,"EndLine":175}},{"address":"aws_subnet.subnet","mode":"managed","type":"aws_subnet","name":"subnet","provider_config_key":"spoke2_vpc:aws","expressions":{"cidr_block":{"references":["var.subnet_cidr"]},"tags":{"references":["var.app_name","var.environment"]},"vpc_id":{"references":["aws_vpc.vpc"]}},"schema_version":1,"raw_data":{"FileName":"modules/spoke_vpc/main.tf","StartLine":31,"EndLine":38}},{"address":"aws_vpc.vpc","mode":"managed","type":"aws_vpc","name":"vpc","provider_config_key":"spoke2_vpc:aws","expressions":{"cidr_block":{"references":["var.cidr_block"]},"enable_dns_hostnames":{"constant_value":true},"enable_dns_support":{"constant_value":true},"instance_tenancy":{"constant_value":"default"},"tags":{"references":["var.name","var.environment","var.provisioning_tag_value"]}},"schema_version":1,"raw_data":{"FileName":"modules/spoke_vpc/main.tf","StartLine":4,"EndLine":14}}],"variables":{"admin_subnet":{"description":"IP address range allowed to manage instances"},"app_name":{"description":"Identifier of VPC app resources"},"cidr_block":{"description":"The CIDR block for the VPC, must be in form x.x.x.x/16-28"},"environment":{"description":"Specify the environment type (dev, stage, prod)"},"instance_image":{"description":"AMI ID"},"instance_type":{"description":"Instance type"},"key_name":{"description":"SSH key name"},"name":{"description":"Name to be used as identifier on all resources"},"provisioning_tag_value":{"description":"Tag value for CHKP autoprovisioning"},"spoke_service_access":{"description":"IP address range allowed into this spoke"},"subnet_cidr":{"description":"The CIDR block for the Subnet, must be in form x.x.x.x/16-28"}}},"raw_data":{"FileName":"spoke-vpc/main.tf","StartLine":37,"EndLine":50}}},"variables":{"key_name":{"description":"The key to use when spinning up the instances"}}},"raw_data":{"FileName":"main.tf","StartLine":15,"EndLine":18}},"transit":{"source":"./transit-vpc","expressions":{"key_name":{"references":["aws_key_pair.key"]}},"module":{"resources":[{"address":"aws_route.gws_to_mgmt","mode":"managed","type":"aws_route","name":"gws_to_mgmt","provider_config_key":"transit:aws","expressions":{"destination_cidr_block":{"references":["local.chkp_mgmt_vpc_public_subnet_1"]},"route_table_id":{"references":["module.transit_vpc.private_route_table"]},"vpc_peering_connection_id":{"references":["aws_vpc_peering_connection.peering"]}},"schema_version":0,"raw_data":{"FileName":"transit-vpc/main.tf","StartLine":118,"EndLine":122}},{"address":"aws_route.mgmt_to_gwA","mode":"managed","type":"aws_route","name":"mgmt_to_gwA","provider_config_key":"transit:aws","expressions":{"destination_cidr_block":{"references":["local.chkp_transit_vpc_private_subnet_1"]},"route_table_id":{"references":["module.mgmt_vpc.public_route_table"]},"vpc_peering_connection_id":{"references":["aws_vpc_peering_connection.peering"]}},"schema_version":0,"raw_data":{"FileName":"transit-vpc/main.tf","StartLine":106,"EndLine":110}},{"address":"aws_route.mgmt_to_gwB","mode":"managed","type":"aws_route","name":"mgmt_to_gwB","provider_config_key":"transit:aws","expressions":{"destination_cidr_block":{"references":["local.chkp_transit_vpc_private_subnet_2"]},"route_table_id":{"references":["module.mgmt_vpc.public_route_table"]},"vpc_peering_connection_id":{"references":["aws_vpc_peering_connection.peering"]}},"schema_version":0,"raw_data":{"FileName":"transit-vpc/main.tf","StartLine":112,"EndLine":116}},{"address":"aws_vpc_peering_connection.peering","mode":"managed","type":"aws_vpc_peering_connection","name":"peering","provider_config_key":"transit:aws","expressions":{"auto_accept":{"constant_value":true},"peer_vpc_id":{"references":["module.transit_vpc.vpc_id"]},"vpc_id":{"references":["module.mgmt_vpc.vpc_id"]}},"schema_version":0,"raw_data":{"FileName":"transit-vpc/main.tf","StartLine":90,"EndLine":94}},{"address":"aws_vpc_peering_connection_options.peering","mode":"managed","type":"aws_vpc_peering_connection_options","name":"peering","provider_config_key":"transit:aws","expressions":{"accepter":[{"allow_remote_vpc_dns_resolution":{"constant_value":true}}],"requester":[{"allow_remote_vpc_dns_resolution":{"constant_value":true}}],"vpc_peering_connection_id":{"references":["aws_vpc_peering_connection.peering"]}},"schema_version":0,"raw_data":{"FileName":"transit-vpc/main.tf","StartLine":96,"EndLine":104}},{"address":"data.aws_ami.ubuntu","mode":"data","type":"aws_ami","name":"ubuntu","provider_config_key":"transit:aws","expressions":{"filter":[{"name":{"constant_value":"name"},"values":{"constant_value":["ubuntu/images/hvm-ssd/ubuntu-xenial-16.04-amd64-server-*"]}},{"name":{"constant_value":"virtualization-type"},"values":{"constant_value":["hvm"]}}],"most_recent":{"constant_value":true},"owners":{"constant_value":["099720109477"]}},"schema_version":0,"raw_data":{"FileName":"transit-vpc/main.tf","StartLine":11,"EndLine":25}},{"address":"data.aws_region.current","mode":"data","type":"aws_region","name":"current","provider_config_key":"transit:aws","expressions":{"name":{"constant_value":"us-east-1"}},"schema_version":0,"raw_data":{"FileName":"transit-vpc/main.tf","StartLine":7,"EndLine":9}}],"module_calls":{"cloudguard_gateway_A":{"source":"../modules/cloudguard_gateway","expressions":{"allow_upload_download":{"constant_value":false},"asn":{"references":["local.asn"]},"chkp_management_security_group":{"references":["module.mgmt.chkp_management_security_group"]},"chkp_mgmt_subnet":{"references":["local.chkp_mgmt_vpc_public_subnet_1"]},"configuration_template":{"references":["local.chkp_tag"]},"control_gateway_over_private_or_public_address":{"constant_value":"private"},"environment":{"references":["local.environment"]},"gateway_name":{"constant_value":"gatewayA"},"image_id":{"references":["local.gateway_image_id"]},"instance_type":{"references":["local.gateway_instance_type"]},"key_name":{"references":["var.key_name"]},"management_server":{"references":["local.chkp_tag"]},"name":{"references":["local.chkp_tag"]},"password_hash":{"references":["local.password_hash"]},"private_nacl":{"references":["module.transit_vpc.private_nacl"]},"private_subnet_id":{"references":["module.transit_vpc.private_subnets"]},"public_nacl":{"references":["module.transit_vpc.public_nacl"]},"public_subnet_id":{"references":["module.transit_vpc.public_subnets"]},"shell":{"constant_value":"/etc/cli.sh"},"sic_key":{"references":["local.sic_key"]},"vpc_id":{"references":["module.transit_vpc.vpc_id"]}},"module":{"outputs":{"gateway_public_ip":{"expression":{"references":["aws_eip.public"]},"description":"Public IP associated with Gateway external interface"}},"resources":[{"address":"aws_eip.public","mode":"managed","type":"aws_eip","name":"public","provider_config_key":"cloudguard_gateway_A:aws","expressions":{"network_interface":{"references":["aws_network_interface.public"]},"vpc":{"constant_value":true}},"schema_version":0,"raw_data":{"FileName":"modules/cloudguard_gateway/main.tf","StartLine":352,"EndLine":355}},{"address":"aws_instance.gateway","mode":"managed","type":"aws_instance","name":"gateway","provider_config_key":"cloudguard_gateway_A:aws","expressions":{"ami":{"references":["var.image_id"]},"instance_type":{"references":["var.instance_type"]},"key_name":{"references":["var.key_name"]},"network_interface":[{"device_index":{"constant_value":"0"},"network_interface_id":{"references":["aws_network_interface.public"]}},{"device_index":{"constant_value":"1"},"network_interface_id":{"references":["aws_network_interface.private"]}}],"tags":{"references":["var.gateway_name","local.auto_provision_key","local.auto_provision_value","aws_network_interface.private"]},"user_data":{"constant_value":"    #!/bin/bash\n    echo\n"}},"schema_version":1,"raw_data":{"FileName":"modules/cloudguard_gateway/main.tf","StartLine":326,"EndLine":347}},{"address":"aws_network_acl_rule.private_inbound","mode":"managed","type":"aws_network_acl_rule","name":"private_inbound","provider_config_key":"cloudguard_gateway_A:aws","expressions":{"cidr_block":{"references":["var.chkp_mgmt_subnet"]},"egress":{"constant_value":false},"from_port":{"constant_value":0},"network_acl_id":{"references":["var.private_nacl"]},"protocol":{"constant_value":"-1"},"rule_action":{"constant_value":"allow"},"rule_number":{"constant_value":100},"to_port":{"constant_value":65535}},"schema_version":0,"raw_data":{"FileName":"modules/cloudguard_gateway/main.tf","StartLine":49,"EndLine":58}},{"address":"aws_network_acl_rule.private_outbound","mode":"managed","type":"aws_network_acl_rule","name":"private_outbound","provider_config_key":"cloudguard_gateway_A:aws","expressions":{"cidr_block":{"references":["var.chkp_mgmt_subnet"]},"egress":{"constant_value":true},"from_port":{"constant_value":0},"network_acl_id":{"references":["var.private_nacl"]},"protocol":{"constant_value":"-1"},"rule_action":{"constant_value":"allow"},"rule_number":{"constant_value":100},"to_port":{"constant_value":65535}},"schema_version":0,"raw_data":{"FileName":"modules/cloudguard_gateway/main.tf","StartLine":60,"EndLine":69}},{"address":"aws_network_acl_rule.public_inbound","mode":"managed","type":"aws_network_acl_rule","name":"public_inbound","provider_config_key":"cloudguard_gateway_A:aws","expressions":{"cidr_block":{"constant_value":"0.0.0.0/0"},"egress":{"constant_value":false},"from_port":{"constant_value":0},"network_acl_id":{"references":["var.public_nacl"]},"protocol":{"constant_value":"-1"},"rule_action":{"constant_value":"allow"},"rule_number":{"constant_value":100},"to_port":{"constant_value":65535}},"schema_version":0,"raw_data":{"FileName":"modules/cloudguard_gateway/main.tf","StartLine":24,"EndLine":33}},{"address":"aws_network_acl_rule.public_outbound","mode":"managed","type":"aws_network_acl_rule","name":"public_outbound","provider_config_key":"cloudguard_gateway_A:aws","expressions":{"cidr_block":{"constant_value":"0.0.0.0/0"},"egress":{"constant_value":true},"from_port":{"constant_value":0},"network_acl_id":{"references":["var.public_nacl"]},"protocol":{"constant_value":"-1"},"rule_action":{"constant_value":"allow"},"rule_number":{"constant_value":100},"to_port":{"constant_value":65535}},"schema_version":0,"raw_data":{"FileName":"modules/cloudguard_gateway/main.tf","StartLine":35,"EndLine":44}},{"address":"aws_network_interface.private","mode":"managed","type":"aws_network_interface","name":"private","provider_config_key":"cloudguard_gateway_A:aws","expressions":{"description":{"constant_value":"Internal"},"security_groups":{"references":["aws_security_group.private"]},"source_dest_check":{"constant_value":false},"subnet_id":{"references":["var.private_subnet_id"]},"tags":{"constant_value":{"x-chkp-anti-spoofing":"false","x-chkp-topology":"internal"}}},"schema_version":0,"raw_data":{"FileName":"modules/cloudguard_gateway/main.tf","StartLine":312,"EndLine":321}},{"address":"aws_network_interface.public","mode":"managed","type":"aws_network_interface","name":"public","provider_config_key":"cloudguard_gateway_A:aws","expressions":{"description":{"constant_value":"External"},"security_groups":{"references":["aws_security_group.public"]},"source_dest_check":{"constant_value":false},"subnet_id":{"references":["var.public_subnet_id"]}},"schema_version":0,"raw_data":{"FileName":"modules/cloudguard_gateway/main.tf","StartLine":305,"EndLine":310}},{"address":"aws_security_group.private","mode":"managed","type":"aws_security_group","name":"private","provider_config_key":"cloudguard_gateway_A:aws","expressions":{"description":{"constant_value":"SG for CloudGuard Gateway private interface"},"tags":{"references":["var.name","var.environment"]},"vpc_id":{"references":["var.vpc_id"]}},"schema_version":1,"raw_data":{"FileName":"modules/cloudguard_gateway/main.tf","StartLine":104,"EndLine":111}},{"address":"aws_security_group.public","mode":"managed","type":"aws_security_group","name":"public","provider_config_key":"cloudguard_gateway_A:aws","expressions":{"description":{"constant_value":"SG for CloudGuard Gateway public interface"},"tags":{"references":["var.name","var.environment"]},"vpc_id":{"references":["var.vpc_id"]}},"schema_version":1,"raw_data":{"FileName":"modules/cloudguard_gateway/main.tf","StartLine":74,"EndLine":81}},{"address":"aws_security_group_rule.inbound_123","mode":"managed","type":"aws_security_group_rule","name":"inbound_123","provider_config_key":"cloudguard_gateway_A:aws","expressions":{"from_port":{"constant_value":123},"protocol":{"constant_value":"udp"},"security_group_id":{"references":["aws_security_group.private"]},"source_security_group_id":{"references":["var.chkp_management_security_group"]},"to_port":{"constant_value":123},"type":{"constant_value":"ingress"}},"schema_version":2,"raw_data":{"FileName":"modules/cloudguard_gateway/main.tf","StartLine":221,"EndLine":228}},{"address":"aws_security_group_rule.inbound_161","mode":"managed","type":"aws_security_group_rule","name":"inbound_161","provider_config_key":"cloudguard_gateway_A:aws","expressions":{"from_port":{"constant_value":161},"protocol":{"constant_value":"udp"},"security_group_id":{"references":["aws_security_group.private"]},"source_security_group_id":{"references":["var.chkp_management_security_group"]},"to_port":{"constant_value":161},"type":{"constant_value":"ingress"}},"schema_version":2,"raw_data":{"FileName":"modules/cloudguard_gateway/main.tf","StartLine":230,"EndLine":237}},{"address":"aws_security_group_rule.inbound_18183","mode":"managed","type":"aws_security_group_rule","name":"inbound_18183","provider_config_key":"cloudguard_gateway_A:aws","expressions":{"from_port":{"constant_value":18183},"protocol":{"constant_value":"tcp"},"security_group_id":{"references":["aws_security_group.private"]},"source_security_group_id":{"references":["var.chkp_management_security_group"]},"to_port":{"constant_value":18183},"type":{"constant_value":"ingress"}},"schema_version":2,"raw_data":{"FileName":"modules/cloudguard_gateway/main.tf","StartLine":149,"EndLine":156}},{"address":"aws_security_group_rule.inbound_18187","mode":"managed","type":"aws_security_group_rule","name":"inbound_18187","provider_config_key":"cloudguard_gateway_A:aws","expressions":{"from_port":{"constant_value":18187},"protocol":{"constant_value":"tcp"},"security_group_id":{"references":["aws_security_group.private"]},"source_security_group_id":{"references":["var.chkp_management_security_group"]},"to_port":{"constant_value":18187},"type":{"constant_value":"ingress"}},"schema_version":2,"raw_data":{"FileName":"modules/cloudguard_gateway/main.tf","StartLine":248,"EndLine":255}},{"address":"aws_security_group_rule.inbound_18191_18192","mode":"managed","type":"aws_security_group_rule","name":"inbound_18191_18192","provider_config_key":"cloudguard_gateway_A:aws","expressions":{"from_port":{"constant_value":18191},"protocol":{"constant_value":"tcp"},"security_group_id":{"references":["aws_security_group.private"]},"source_security_group_id":{"references":["var.chkp_management_security_group"]},"to_port":{"constant_value":18192},"type":{"constant_value":"ingress"}},"schema_version":2,"raw_data":{"FileName":"modules/cloudguard_gateway/main.tf","StartLine":113,"EndLine":120}},{"address":"aws_security_group_rule.inbound_18202","mode":"managed","type":"aws_security_group_rule","name":"inbound_18202","provider_config_key":"cloudguard_gateway_A:aws","expressions":{"from_port":{"constant_value":18202},"protocol":{"constant_value":"tcp"},"security_group_id":{"references":["aws_security_group.private"]},"source_security_group_id":{"references":["var.chkp_management_security_group"]},"to_port":{"constant_value":18202},"type":{"constant_value":"ingress"}},"schema_version":2,"raw_data":{"FileName":"modules/cloudguard_gateway/main.tf","StartLine":140,"EndLine":147}},{"address":"aws_security_group_rule.inbound_18208","mode":"managed","type":"aws_security_group_rule","name":"inbound_18208","provider_config_key":"cloudguard_gateway_A:aws","expressions":{"from_port":{"constant_value":18208},"protocol":{"constant_value":"tcp"},"security_group_id":{"references":["aws_security_group.private"]},"source_security_group_id":{"references":["var.chkp_management_security_group"]},"to_port":{"constant_value":18208},"type":{"constant_value":"ingress"}},"schema_version":2,"raw_data":{"FileName":"modules/cloudguard_gateway/main.tf","StartLine":158,"EndLine":165}},{"address":"aws_security_group_rule.inbound_18211","mode":"managed","type":"aws_security_group_rule","name":"inbound_18211","provider_config_key":"cloudguard_gateway_A:aws","expressions":{"from_port":{"constant_value":18211},"protocol":{"constant_value":"tcp"},"security_group_id":{"references":["aws_security_group.private"]},"source_security_group_id":{"references":["var.chkp_management_security_group"]},"to_port":{"constant_value":18211},"type":{"constant_value":"ingress"}},"schema_version":2,"raw_data":{"FileName":"modules/cloudguard_gateway/main.tf","StartLine":122,"EndLine":129}},{"address":"aws_security_group_rule.inbound_21","mode":"managed","type":"aws_security_group_rule","name":"inbound_21","provider_config_key":"cloudguard_gateway_A:aws","expressions":{"from_port":{"constant_value":21},"protocol":{"constant_value":"tcp"},"security_group_id":{"references":["aws_security_group.private"]},"source_security_group_id":{"references":["var.chkp_management_security_group"]},"to_port":{"constant_value":21},"type":{"constant_value":"ingress"}},"schema_version":2,"raw_data":{"FileName":"modules/cloudguard_gateway/main.tf","StartLine":194,"EndLine":201}},{"address":"aws_security_group_rule.inbound_22","mode":"managed","type":"aws_security_group_rule","name":"inbound_22","provider_config_key":"cloudguard_gateway_A:aws","expressions":{"from_port":{"constant_value":22},"protocol":{"constant_value":"tcp"},"security_group_id":{"references":["aws_security_group.private"]},"source_security_group_id":{"references":["var.chkp_management_security_group"]},"to_port":{"constant_value":22},"type":{"constant_value":"ingress"}},"schema_version":2,"raw_data":{"FileName":"modules/cloudguard_gateway/main.tf","StartLine":167,"EndLine":174}},{"address":"aws_security_group_rule.inbound_256","mode":"managed","type":"aws_security_group_rule","name":"inbound_256","provider_config_key":"cloudguard_gateway_A:aws","expressions":{"from_port":{"constant_value":256},"protocol":{"constant_value":"tcp"},"security_group_id":{"references":["aws_security_group.private"]},"source_security_group_id":{"references":["var.chkp_management_security_group"]},"to_port":{"constant_value":256},"type":{"constant_value":"ingress"}},"schema_version":2,"raw_data":{"FileName":"modules/cloudguard_gateway/main.tf","StartLine":131,"EndLine":138}},{"address":"aws_security_group_rule.inbound_389","mode":"managed","type":"aws_security_group_rule","name":"inbound_389","provider_config_key":"cloudguard_gateway_A:aws","expressions":{"from_port":{"constant_value":389},"protocol":{"constant_value":"tcp"},"security_group_id":{"references":["aws_security_group.private"]},"source_security_group_id":{"references":["var.chkp_management_security_group"]},"to_port":{"constant_value":389},"type":{"constant_value":"ingress"}},"schema_version":2,"raw_data":{"FileName":"modules/cloudguard_gateway/main.tf","StartLine":203,"EndLine":210}},{"address":"aws_security_group_rule.inbound_443","mode":"managed","type":"aws_security_group_rule","name":"inbound_443","provider_config_key":"cloudguard_gateway_A:aws","expressions":{"from_port":{"constant_value":443},"protocol":{"constant_value":"tcp"},"security_group_id":{"references":["aws_security_group.private"]},"source_security_group_id":{"references":["var.chkp_management_security_group"]},"to_port":{"constant_value":443},"type":{"constant_value":"ingress"}},"schema_version":2,"raw_data":{"FileName":"modules/cloudguard_gateway/main.tf","StartLine":176,"EndLine":183}},{"address":"aws_security_group_rule.inbound_53","mode":"managed","type":"aws_security_group_rule","name":"inbound_53","provider_config_key":"cloudguard_gateway_A:aws","expressions":{"from_port":{"constant_value":53},"protocol":{"constant_value":"udp"},"security_group_id":{"references":["aws_security_group.private"]},"source_security_group_id":{"references":["var.chkp_management_security_group"]},"to_port":{"constant_value":53},"type":{"constant_value":"ingress"}},"schema_version":2,"raw_data":{"FileName":"modules/cloudguard_gateway/main.tf","StartLine":239,"EndLine":246}},{"address":"aws_security_group_rule.inbound_636","mode":"managed","type":"aws_security_group_rule","name":"inbound_636","provider_config_key":"cloudguard_gateway_A:aws","expressions":{"from_port":{"constant_value":636},"protocol":{"constant_value":"tcp"},"security_group_id":{"references":["aws_security_group.private"]},"source_security_group_id":{"references":["var.chkp_management_security_group"]},"to_port":{"constant_value":636},"type":{"constant_value":"ingress"}},"schema_version":2,"raw_data":{"FileName":"modules/cloudguard_gateway/main.tf","StartLine":212,"EndLine":219}},{"address":"aws_security_group_rule.inbound_69","mode":"managed","type":"aws_security_group_rule","name":"inbound_69","provider_config_key":"cloudguard_gateway_A:aws","expressions":{"from_port":{"constant_value":69},"protocol":{"constant_value":"udp"},"security_group_id":{"references":["aws_security_group.private"]},"source_security_group_id":{"references":["var.chkp_management_security_group"]},"to_port":{"constant_value":69},"type":{"constant_value":"ingress"}},"schema_version":2,"raw_data":{"FileName":"modules/cloudguard_gateway/main.tf","StartLine":185,"EndLine":192}},{"address":"aws_security_group_rule.outbound_18191_18192","mode":"managed","type":"aws_security_group_rule","name":"outbound_18191_18192","provider_config_key":"cloudguard_gateway_A:aws","expressions":{"from_port":{"constant_value":18191},"protocol":{"constant_value":"tcp"},"security_group_id":{"references":["aws_security_group.private"]},"source_security_group_id":{"references":["var.chkp_management_security_group"]},"to_port":{"constant_value":18192},"type":{"constant_value":"egress"}},"schema_version":2,"raw_data":{"FileName":"modules/cloudguard_gateway/main.tf","StartLine":266,"EndLine":273}},{"address":"aws_security_group_rule.outbound_18210_18211","mode":"managed","type":"aws_security_group_rule","name":"outbound_18210_18211","provider_config_key":"cloudguard_gateway_A:aws","expressions":{"from_port":{"constant_value":18210},"protocol":{"constant_value":"tcp"},"security_group_id":{"references":["aws_security_group.private"]},"source_security_group_id":{"references":["var.chkp_management_security_group"]},"to_port":{"constant_value":18211},"type":{"constant_value":"egress"}},"schema_version":2,"raw_data":{"FileName":"modules/cloudguard_gateway/main.tf","StartLine":275,"EndLine":282}},{"address":"aws_security_group_rule.outbound_18221","mode":"managed","type":"aws_security_group_rule","name":"outbound_18221","provider_config_key":"cloudguard_gateway_A:aws","expressions":{"from_port":{"constant_value":18221},"protocol":{"constant_value":"tcp"},"security_group_id":{"references":["aws_security_group.private"]},"source_security_group_id":{"references":["var.chkp_management_security_group"]},"to_port":{"constant_value":18221},"type":{"constant_value":"egress"}},"schema_version":2,"raw_data":{"FileName":"modules/cloudguard_gateway/main.tf","StartLine":284,"EndLine":291}},{"address":"aws_security_group_rule.outbound_18264","mode":"managed","type":"aws_security_group_rule","name":"outbound_18264","provider_config_key":"cloudguard_gateway_A:aws","expressions":{"from_port":{"constant_value":18264},"protocol":{"constant_value":"tcp"},"security_group_id":{"references":["aws_security_group.private"]},"source_security_group_id":{"references":["var.chkp_management_security_group"]},"to_port":{"constant_value":18264},"type":{"constant_value":"egress"}},"schema_version":2,"raw_data":{"FileName":"modules/cloudguard_gateway/main.tf","StartLine":293,"EndLine":300}},{"address":"aws_security_group_rule.outbound_257","mode":"managed","type":"aws_security_group_rule","name":"outbound_257","provider_config_key":"cloudguard_gateway_A:aws","expressions":{"from_port":{"constant_value":257},"protocol":{"constant_value":"tcp"},"security_group_id":{"references":["aws_security_group.private"]},"source_security_group_id":{"references":["var.chkp_management_security_group"]},"to_port":{"constant_value":257},"type":{"constant_value":"egress"}},"schema_version":2,"raw_data":{"FileName":"modules/cloudguard_gateway/main.tf","StartLine":257,"EndLine":264}},{"address":"aws_security_group_rule.public_inbound","mode":"managed","type":"aws_security_group_rule","name":"public_inbound","provider_config_key":"cloudguard_gateway_A:aws","expressions":{"cidr_blocks":{"constant_value":["0.0.0.0/0"]},"from_port":{"constant_value":0},"protocol":{"constant_value":"-1"},"security_group_id":{"references":["aws_security_group.public"]},"to_port":{"constant_value":0},"type":{"constant_value":"ingress"}},"schema_version":2,"raw_data":{"FileName":"modules/cloudguard_gateway/main.tf","StartLine":83,"EndLine":90}},{"address":"aws_security_group_rule.public_outbound","mode":"managed","type":"aws_security_group_rule","name":"public_outbound","provider_config_key":"cloudguard_gateway_A:aws","expressions":{"cidr_blocks":{"constant_value":["0.0.0.0/0"]},"from_port":{"constant_value":0},"protocol":{"constant_value":"-1"},"security_group_id":{"references":["aws_security_group.public"]},"to_port":{"constant_value":0},"type":{"constant_value":"egress"}},"schema_version":2,"raw_data":{"FileName":"modules/cloudguard_gateway/main.tf","StartLine":92,"EndLine":99}},{"address":"data.aws_subnet.private","mode":"data","type":"aws_subnet","name":"private","provider_config_key":"cloudguard_gateway_A:aws","expressions":{"id":{"references":["var.private_subnet_id"]}},"schema_version":0,"raw_data":{"FileName":"modules/cloudguard_gateway/main.tf","StartLine":17,"EndLine":19}},{"address":"data.aws_subnet.public","mode":"data","type":"aws_subnet","name":"public","provider_config_key":"cloudguard_gateway_A:aws","expressions":{"id":{"references":["var.public_subnet_id"]}},"schema_version":0,"raw_data":{"FileName":"modules/cloudguard_gateway/main.tf","StartLine":13,"EndLine":15}}],"variables":{"allow_upload_download":{"default":false,"description":"Automatically download Blade Contracts and other important data"},"asn":{"default":"65000","description":"The ASN that identifies the routing domain for the Security Gateways"},"chkp_management_security_group":{"description":"Security Group ID associated with CHKP Management Server"},"chkp_mgmt_subnet":{"description":"CIDR address range for the Chkp Management Server"},"configuration_template":{"default":"","description":"A name of a gateway configuration template in the automatic provisioning configuration"},"control_gateway_over_private_or_public_address":{"default":"private","description":"Determines if the gateways are provisioned using their private or public address"},"environment":{"description":"Tag to identify environment type under this VPC"},"gateway_name":{"description":"Name of the Checkpoint CloudGuard Gateway"},"image_id":{"description":"AMI for Checkpoint CloudGuard Gateway"},"instance_type":{"description":"Instance type for Checkpoint CloudGuard Gateway"},"key_name":{"description":"SSH Key pair name to manage Checkpoint CloudGuard Gateway"},"management_server":{"default":"","description":"The name that represents the Security Management Server in the automatic provisioning configuration"},"name":{"description":"Tag to identify all resources under this VPC"},"password_hash":{"description":"Admin user's password hash (use command 'openssl passwd -1 PASSWORD' to get the PASSWORD's hash)"},"private_nacl":{"description":"ID of the Network ACL associated with private subnet"},"private_subnet_id":{"description":"ID of the private subnet"},"public_nacl":{"description":"ID of the Network ACL associated with public subnet"},"public_subnet_id":{"description":"ID of the public subnet"},"shell":{"default":"/etc/cli.sh","description":"Select the shell mode: /etc/cli.sh, /bin/bash, /bin/csh, /bin/tcsh"},"sic_key":{"description":"The SIC key to create trusted connections between CHKP components"},"vpc_id":{"description":"VPC ID to deploy CloudGuard gateway"}}},"raw_data":{"FileName":"transit-vpc/main.tf","StartLine":149,"EndLine":172}},"cloudguard_gateway_B":{"source":"../modules/cloudguard_gateway","expressions":{"allow_upload_download":{"constant_value":false},"asn":{"references":["local.asn"]},"chkp_management_security_group":{"references":["module.mgmt.chkp_management_security_group"]},"chkp_mgmt_subnet":{"references":["local.chkp_mgmt_vpc_public_subnet_1"]},"configuration_template":{"references":["local.chkp_tag"]},"control_gateway_over_private_or_public_address":{"constant_value":"private"},"environment":{"references":["local.environment"]},"gateway_name":{"constant_value":"gatewayB"},"image_id":{"references":["local.gateway_image_id"]},"instance_type":{"references":["local.gateway_instance_type"]},"key_name":{"references":["var.key_name"]},"management_server":{"references":["local.chkp_tag"]},"name":{"references":["local.chkp_tag"]},"password_hash":{"references":["local.password_hash"]},"private_nacl":{"references":["module.transit_vpc.private_nacl"]},"private_subnet_id":{"references":["module.transit_vpc.private_subnets"]},"public_nacl":{"references":["module.transit_vpc.public_nacl"]},"public_subnet_id":{"references":["module.transit_vpc.public_subnets"]},"shell":{"constant_value":"/etc/cli.sh"},"sic_key":{"references":["local.sic_key"]},"vpc_id":{"references":["module.transit_vpc.vpc_id"]}},"module":{"outputs":{"gateway_public_ip":{"expression":{"references":["aws_eip.public"]},"description":"Public IP associated with Gateway external interface"}},"resources":[{"address":"aws_eip.public","mode":"managed","type":"aws_eip","name":"public","provider_config_key":"cloudguard_gateway_B:aws","expressions":{"network_interface":{"references":["aws_network_interface.public"]},"vpc":{"constant_value":true}},"schema_version":0,"raw_data":{"FileName":"modules/cloudguard_gateway/main.tf","StartLine":352,"EndLine":355}},{"address":"aws_instance.gateway","mode":"managed","type":"aws_instance","name":"gateway","provider_config_key":"cloudguard_gateway_B:aws","expressions":{"ami":{"references":["var.image_id"]},"instance_type":{"references":["var.instance_type"]},"key_name":{"references":["var.key_name"]},"network_interface":[{"device_index":{"constant_value":"0"},"network_interface_id":{"references":["aws_network_interface.public"]}},{"device_index":{"constant_value":"1"},"network_interface_id":{"references":["aws_network_interface.private"]}}],"tags":{"references":["var.gateway_name","local.auto_provision_key","local.auto_provision_value","aws_network_interface.private"]},"user_data":{"constant_value":"    #!/bin/bash\n    echo\n"}},"schema_version":1,"raw_data":{"FileName":"modules/cloudguard_gateway/main.tf","StartLine":326,"EndLine":347}},{"address":"aws_network_acl_rule.private_inbound","mode":"managed","type":"aws_network_acl_rule","name":"private_inbound","provider_config_key":"cloudguard_gateway_B:aws","expressions":{"cidr_block":{"references":["var.chkp_mgmt_subnet"]},"egress":{"constant_value":false},"from_port":{"constant_value":0},"network_acl_id":{"references":["var.private_nacl"]},"protocol":{"constant_value":"-1"},"rule_action":{"constant_value":"allow"},"rule_number":{"constant_value":100},"to_port":{"constant_value":65535}},"schema_version":0,"raw_data":{"FileName":"modules/cloudguard_gateway/main.tf","StartLine":49,"EndLine":58}},{"address":"aws_network_acl_rule.private_outbound","mode":"managed","type":"aws_network_acl_rule","name":"private_outbound","provider_config_key":"cloudguard_gateway_B:aws","expressions":{"cidr_block":{"references":["var.chkp_mgmt_subnet"]},"egress":{"constant_value":true},"from_port":{"constant_value":0},"network_acl_id":{"references":["var.private_nacl"]},"protocol":{"constant_value":"-1"},"rule_action":{"constant_value":"allow"},"rule_number":{"constant_value":100},"to_port":{"constant_value":65535}},"schema_version":0,"raw_data":{"FileName":"modules/cloudguard_gateway/main.tf","StartLine":60,"EndLine":69}},{"address":"aws_network_acl_rule.public_inbound","mode":"managed","type":"aws_network_acl_rule","name":"public_inbound","provider_config_key":"cloudguard_gateway_B:aws","expressions":{"cidr_block":{"constant_value":"0.0.0.0/0"},"egress":{"constant_value":false},"from_port":{"constant_value":0},"network_acl_id":{"references":["var.public_nacl"]},"protocol":{"constant_value":"-1"},"rule_action":{"constant_value":"allow"},"rule_number":{"constant_value":100},"to_port":{"constant_value":65535}},"schema_version":0,"raw_data":{"FileName":"modules/cloudguard_gateway/main.tf","StartLine":24,"EndLine":33}},{"address":"aws_network_acl_rule.public_outbound","mode":"managed","type":"aws_network_acl_rule","name":"public_outbound","provider_config_key":"cloudguard_gateway_B:aws","expressions":{"cidr_block":{"constant_value":"0.0.0.0/0"},"egress":{"constant_value":true},"from_port":{"constant_value":0},"network_acl_id":{"references":["var.public_nacl"]},"protocol":{"constant_value":"-1"},"rule_action":{"constant_value":"allow"},"rule_number":{"constant_value":100},"to_port":{"constant_value":65535}},"schema_version":0,"raw_data":{"FileName":"modules/cloudguard_gateway/main.tf","StartLine":35,"EndLine":44}},{"address":"aws_network_interface.private","mode":"managed","type":"aws_network_interface","name":"private","provider_config_key":"cloudguard_gateway_B:aws","expressions":{"description":{"constant_value":"Internal"},"security_groups":{"references":["aws_security_group.private"]},"source_dest_check":{"constant_value":false},"subnet_id":{"references":["var.private_subnet_id"]},"tags":{"constant_value":{"x-chkp-anti-spoofing":"false","x-chkp-topology":"internal"}}},"schema_version":0,"raw_data":{"FileName":"modules/cloudguard_gateway/main.tf","StartLine":312,"EndLine":321}},{"address":"aws_network_interface.public","mode":"managed","type":"aws_network_interface","name":"public","provider_config_key":"cloudguard_gateway_B:aws","expressions":{"description":{"constant_value":"External"},"security_groups":{"references":["aws_security_group.public"]},"source_dest_check":{"constant_value":false},"subnet_id":{"references":["var.public_subnet_id"]}},"schema_version":0,"raw_data":{"FileName":"modules/cloudguard_gateway/main.tf","StartLine":305,"EndLine":310}},{"address":"aws_security_group.private","mode":"managed","type":"aws_security_group","name":"private","provider_config_key":"cloudguard_gateway_B:aws","expressions":{"description":{"constant_value":"SG for CloudGuard Gateway private interface"},"tags":{"references":["var.name","var.environment"]},"vpc_id":{"references":["var.vpc_id"]}},"schema_version":1,"raw_data":{"FileName":"modules/cloudguard_gateway/main.tf","StartLine":104,"EndLine":111}},{"address":"aws_security_group.public","mode":"managed","type":"aws_security_group","name":"public","provider_config_key":"cloudguard_gateway_B:aws","expressions":{"description":{"constant_value":"SG for CloudGuard Gateway public interface"},"tags":{"references":["var.name","var.environment"]},"vpc_id":{"references":["var.vpc_id"]}},"schema_version":1,"raw_data":{"FileName":"modules/cloudguard_gateway/main.tf","StartLine":74,"EndLine":81}},{"address":"aws_security_group_rule.inbound_123","mode":"managed","type":"aws_security_group_rule","name":"inbound_123","provider_config_key":"cloudguard_gateway_B:aws","expressions":{"from_port":{"constant_value":123},"protocol":{"constant_value":"udp"},"security_group_id":{"references":["aws_security_group.private"]},"source_security_group_id":{"references":["var.chkp_management_security_group"]},"to_port":{"constant_value":123},"type":{"constant_value":"ingress"}},"schema_version":2,"raw_data":{"FileName":"modules/cloudguard_gateway/main.tf","StartLine":221,"EndLine":228}},{"address":"aws_security_group_rule.inbound_161","mode":"managed","type":"aws_security_group_rule","name":"inbound_161","provider_config_key":"cloudguard_gateway_B:aws","expressions":{"from_port":{"constant_value":161},"protocol":{"constant_value":"udp"},"security_group_id":{"references":["aws_security_group.private"]},"source_security_group_id":{"references":["var.chkp_management_security_group"]},"to_port":{"constant_value":161},"type":{"constant_value":"ingress"}},"schema_version":2,"raw_data":{"FileName":"modules/cloudguard_gateway/main.tf","StartLine":230,"EndLine":237}},{"address":"aws_security_group_rule.inbound_18183","mode":"managed","type":"aws_security_group_rule","name":"inbound_18183","provider_config_key":"cloudguard_gateway_B:aws","expressions":{"from_port":{"constant_value":18183},"protocol":{"constant_value":"tcp"},"security_group_id":{"references":["aws_security_group.private"]},"source_security_group_id":{"references":["var.chkp_management_security_group"]},"to_port":{"constant_value":18183},"type":{"constant_value":"ingress"}},"schema_version":2,"raw_data":{"FileName":"modules/cloudguard_gateway/main.tf","StartLine":149,"EndLine":156}},{"address":"aws_security_group_rule.inbound_18187","mode":"managed","type":"aws_security_group_rule","name":"inbound_18187","provider_config_key":"cloudguard_gateway_B:aws","expressions":{"from_port":{"constant_value":18187},"protocol":{"constant_value":"tcp"},"security_group_id":{"references":["aws_security_group.private"]},"source_security_group_id":{"references":["var.chkp_management_security_group"]},"to_port":{"constant_value":18187},"type":{"constant_value":"ingress"}},"schema_version":2,"raw_data":{"FileName":"modules/cloudguard_gateway/main.tf","StartLine":248,"EndLine":255}},{"address":"aws_security_group_rule.inbound_18191_18192","mode":"managed","type":"aws_security_group_rule","name":"inbound_18191_18192","provider_config_key":"cloudguard_gateway_B:aws","expressions":{"from_port":{"constant_value":18191},"protocol":{"constant_value":"tcp"},"security_group_id":{"references":["aws_security_group.private"]},"source_security_group_id":{"references":["var.chkp_management_security_group"]},"to_port":{"constant_value":18192},"type":{"constant_value":"ingress"}},"schema_version":2,"raw_data":{"FileName":"modules/cloudguard_gateway/main.tf","StartLine":113,"EndLine":120}},{"address":"aws_security_group_rule.inbound_18202","mode":"managed","type":"aws_security_group_rule","name":"inbound_18202","provider_config_key":"cloudguard_gateway_B:aws","expressions":{"from_port":{"constant_value":18202},"protocol":{"constant_value":"tcp"},"security_group_id":{"references":["aws_security_group.private"]},"source_security_group_id":{"references":["var.chkp_management_security_group"]},"to_port":{"constant_value":18202},"type":{"constant_value":"ingress"}},"schema_version":2,"raw_data":{"FileName":"modules/cloudguard_gateway/main.tf","StartLine":140,"EndLine":147}},{"address":"aws_security_group_rule.inbound_18208","mode":"managed","type":"aws_security_group_rule","name":"inbound_18208","provider_config_key":"cloudguard_gateway_B:aws","expressions":{"from_port":{"constant_value":18208},"protocol":{"constant_value":"tcp"},"security_group_id":{"references":["aws_security_group.private"]},"source_security_group_id":{"references":["var.chkp_management_security_group"]},"to_port":{"constant_value":18208},"type":{"constant_value":"ingress"}},"schema_version":2,"raw_data":{"FileName":"modules/cloudguard_gateway/main.tf","StartLine":158,"EndLine":165}},{"address":"aws_security_group_rule.inbound_18211","mode":"managed","type":"aws_security_group_rule","name":"inbound_18211","provider_config_key":"cloudguard_gateway_B:aws","expressions":{"from_port":{"constant_value":18211},"protocol":{"constant_value":"tcp"},"security_group_id":{"references":["aws_security_group.private"]},"source_security_group_id":{"references":["var.chkp_management_security_group"]},"to_port":{"constant_value":18211},"type":{"constant_value":"ingress"}},"schema_version":2,"raw_data":{"FileName":"modules/cloudguard_gateway/main.tf","StartLine":122,"EndLine":129}},{"address":"aws_security_group_rule.inbound_21","mode":"managed","type":"aws_security_group_rule","name":"inbound_21","provider_config_key":"cloudguard_gateway_B:aws","expressions":{"from_port":{"constant_value":21},"protocol":{"constant_value":"tcp"},"security_group_id":{"references":["aws_security_group.private"]},"source_security_group_id":{"references":["var.chkp_management_security_group"]},"to_port":{"constant_value":21},"type":{"constant_value":"ingress"}},"schema_version":2,"raw_data":{"FileName":"modules/cloudguard_gateway/main.tf","StartLine":194,"EndLine":201}},{"address":"aws_security_group_rule.inbound_22","mode":"managed","type":"aws_security_group_rule","name":"inbound_22","provider_config_key":"cloudguard_gateway_B:aws","expressions":{"from_port":{"constant_value":22},"protocol":{"constant_value":"tcp"},"security_group_id":{"references":["aws_security_group.private"]},"source_security_group_id":{"references":["var.chkp_management_security_group"]},"to_port":{"constant_value":22},"type":{"constant_value":"ingress"}},"schema_version":2,"raw_data":{"FileName":"modules/cloudguard_gateway/main.tf","StartLine":167,"EndLine":174}},{"address":"aws_security_group_rule.inbound_256","mode":"managed","type":"aws_security_group_rule","name":"inbound_256","provider_config_key":"cloudguard_gateway_B:aws","expressions":{"from_port":{"constant_value":256},"protocol":{"constant_value":"tcp"},"security_group_id":{"references":["aws_security_group.private"]},"source_security_group_id":{"references":["var.chkp_management_security_group"]},"to_port":{"constant_value":256},"type":{"constant_value":"ingress"}},"schema_version":2,"raw_data":{"FileName":"modules/cloudguard_gateway/main.tf","StartLine":131,"EndLine":138}},{"address":"aws_security_group_rule.inbound_389","mode":"managed","type":"aws_security_group_rule","name":"inbound_389","provider_config_key":"cloudguard_gateway_B:aws","expressions":{"from_port":{"constant_value":389},"protocol":{"constant_value":"tcp"},"security_group_id":{"references":["aws_security_group.private"]},"source_security_group_id":{"references":["var.chkp_management_security_group"]},"to_port":{"constant_value":389},"type":{"constant_value":"ingress"}},"schema_version":2,"raw_data":{"FileName":"modules/cloudguard_gateway/main.tf","StartLine":203,"EndLine":210}},{"address":"aws_security_group_rule.inbound_443","mode":"managed","type":"aws_security_group_rule","name":"inbound_443","provider_config_key":"cloudguard_gateway_B:aws","expressions":{"from_port":{"constant_value":443},"protocol":{"constant_value":"tcp"},"security_group_id":{"references":["aws_security_group.private"]},"source_security_group_id":{"references":["var.chkp_management_security_group"]},"to_port":{"constant_value":443},"type":{"constant_value":"ingress"}},"schema_version":2,"raw_data":{"FileName":"modules/cloudguard_gateway/main.tf","StartLine":176,"EndLine":183}},{"address":"aws_security_group_rule.inbound_53","mode":"managed","type":"aws_security_group_rule","name":"inbound_53","provider_config_key":"cloudguard_gateway_B:aws","expressions":{"from_port":{"constant_value":53},"protocol":{"constant_value":"udp"},"security_group_id":{"references":["aws_security_group.private"]},"source_security_group_id":{"references":["var.chkp_management_security_group"]},"to_port":{"constant_value":53},"type":{"constant_value":"ingress"}},"schema_version":2,"raw_data":{"FileName":"modules/cloudguard_gateway/main.tf","StartLine":239,"EndLine":246}},{"address":"aws_security_group_rule.inbound_636","mode":"managed","type":"aws_security_group_rule","name":"inbound_636","provider_config_key":"cloudguard_gateway_B:aws","expressions":{"from_port":{"constant_value":636},"protocol":{"constant_value":"tcp"},"security_group_id":{"references":["aws_security_group.private"]},"source_security_group_id":{"references":["var.chkp_management_security_group"]},"to_port":{"constant_value":636},"type":{"constant_value":"ingress"}},"schema_version":2,"raw_data":{"FileName":"modules/cloudguard_gateway/main.tf","StartLine":212,"EndLine":219}},{"address":"aws_security_group_rule.inbound_69","mode":"managed","type":"aws_security_group_rule","name":"inbound_69","provider_config_key":"cloudguard_gateway_B:aws","expressions":{"from_port":{"constant_value":69},"protocol":{"constant_value":"udp"},"security_group_id":{"references":["aws_security_group.private"]},"source_security_group_id":{"references":["var.chkp_management_security_group"]},"to_port":{"constant_value":69},"type":{"constant_value":"ingress"}},"schema_version":2,"raw_data":{"FileName":"modules/cloudguard_gateway/main.tf","StartLine":185,"EndLine":192}},{"address":"aws_security_group_rule.outbound_18191_18192","mode":"managed","type":"aws_security_group_rule","name":"outbound_18191_18192","provider_config_key":"cloudguard_gateway_B:aws","expressions":{"from_port":{"constant_value":18191},"protocol":{"constant_value":"tcp"},"security_group_id":{"references":["aws_security_group.private"]},"source_security_group_id":{"references":["var.chkp_management_security_group"]},"to_port":{"constant_value":18192},"type":{"constant_value":"egress"}},"schema_version":2,"raw_data":{"FileName":"modules/cloudguard_gateway/main.tf","StartLine":266,"EndLine":273}},{"address":"aws_security_group_rule.outbound_18210_18211","mode":"managed","type":"aws_security_group_rule","name":"outbound_18210_18211","provider_config_key":"cloudguard_gateway_B:aws","expressions":{"from_port":{"constant_value":18210},"protocol":{"constant_value":"tcp"},"security_group_id":{"references":["aws_security_group.private"]},"source_security_group_id":{"references":["var.chkp_management_security_group"]},"to_port":{"constant_value":18211},"type":{"constant_value":"egress"}},"schema_version":2,"raw_data":{"FileName":"modules/cloudguard_gateway/main.tf","StartLine":275,"EndLine":282}},{"address":"aws_security_group_rule.outbound_18221","mode":"managed","type":"aws_security_group_rule","name":"outbound_18221","provider_config_key":"cloudguard_gateway_B:aws","expressions":{"from_port":{"constant_value":18221},"protocol":{"constant_value":"tcp"},"security_group_id":{"references":["aws_security_group.private"]},"source_security_group_id":{"references":["var.chkp_management_security_group"]},"to_port":{"constant_value":18221},"type":{"constant_value":"egress"}},"schema_version":2,"raw_data":{"FileName":"modules/cloudguard_gateway/main.tf","StartLine":284,"EndLine":291}},{"address":"aws_security_group_rule.outbound_18264","mode":"managed","type":"aws_security_group_rule","name":"outbound_18264","provider_config_key":"cloudguard_gateway_B:aws","expressions":{"from_port":{"constant_value":18264},"protocol":{"constant_value":"tcp"},"security_group_id":{"references":["aws_security_group.private"]},"source_security_group_id":{"references":["var.chkp_management_security_group"]},"to_port":{"constant_value":18264},"type":{"constant_value":"egress"}},"schema_version":2,"raw_data":{"FileName":"modules/cloudguard_gateway/main.tf","StartLine":293,"EndLine":300}},{"address":"aws_security_group_rule.outbound_257","mode":"managed","type":"aws_security_group_rule","name":"outbound_257","provider_config_key":"cloudguard_gateway_B:aws","expressions":{"from_port":{"constant_value":257},"protocol":{"constant_value":"tcp"},"security_group_id":{"references":["aws_security_group.private"]},"source_security_group_id":{"references":["var.chkp_management_security_group"]},"to_port":{"constant_value":257},"type":{"constant_value":"egress"}},"schema_version":2,"raw_data":{"FileName":"modules/cloudguard_gateway/main.tf","StartLine":257,"EndLine":264}},{"address":"aws_security_group_rule.public_inbound","mode":"managed","type":"aws_security_group_rule","name":"public_inbound","provider_config_key":"cloudguard_gateway_B:aws","expressions":{"cidr_blocks":{"constant_value":["0.0.0.0/0"]},"from_port":{"constant_value":0},"protocol":{"constant_value":"-1"},"security_group_id":{"references":["aws_security_group.public"]},"to_port":{"constant_value":0},"type":{"constant_value":"ingress"}},"schema_version":2,"raw_data":{"FileName":"modules/cloudguard_gateway/main.tf","StartLine":83,"EndLine":90}},{"address":"aws_security_group_rule.public_outbound","mode":"managed","type":"aws_security_group_rule","name":"public_outbound","provider_config_key":"cloudguard_gateway_B:aws","expressions":{"cidr_blocks":{"constant_value":["0.0.0.0/0"]},"from_port":{"constant_value":0},"protocol":{"constant_value":"-1"},"security_group_id":{"references":["aws_security_group.public"]},"to_port":{"constant_value":0},"type":{"constant_value":"egress"}},"schema_version":2,"raw_data":{"FileName":"modules/cloudguard_gateway/main.tf","StartLine":92,"EndLine":99}},{"address":"data.aws_subnet.private","mode":"data","type":"aws_subnet","name":"private","provider_config_key":"cloudguard_gateway_B:aws","expressions":{"id":{"references":["var.private_subnet_id"]}},"schema_version":0,"raw_data":{"FileName":"modules/cloudguard_gateway/main.tf","StartLine":17,"EndLine":19}},{"address":"data.aws_subnet.public","mode":"data","type":"aws_subnet","name":"public","provider_config_key":"cloudguard_gateway_B:aws","expressions":{"id":{"references":["var.public_subnet_id"]}},"schema_version":0,"raw_data":{"FileName":"modules/cloudguard_gateway/main.tf","StartLine":13,"EndLine":15}}],"variables":{"allow_upload_download":{"default":false,"description":"Automatically download Blade Contracts and other important data"},"asn":{"default":"65000","description":"The ASN that identifies the routing domain for the Security Gateways"},"chkp_management_security_group":{"description":"Security Group ID associated with CHKP Management Server"},"chkp_mgmt_subnet":{"description":"CIDR address range for the Chkp Management Server"},"configuration_template":{"default":"","description":"A name of a gateway configuration template in the automatic provisioning configuration"},"control_gateway_over_private_or_public_address":{"default":"private","description":"Determines if the gateways are provisioned using their private or public address"},"environment":{"description":"Tag to identify environment type under this VPC"},"gateway_name":{"description":"Name of the Checkpoint CloudGuard Gateway"},"image_id":{"description":"AMI for Checkpoint CloudGuard Gateway"},"instance_type":{"description":"Instance type for Checkpoint CloudGuard Gateway"},"key_name":{"description":"SSH Key pair name to manage Checkpoint CloudGuard Gateway"},"management_server":{"default":"","description":"The name that represents the Security Management Server in the automatic provisioning configuration"},"name":{"description":"Tag to identify all resources under this VPC"},"password_hash":{"description":"Admin user's password hash (use command 'openssl passwd -1 PASSWORD' to get the PASSWORD's hash)"},"private_nacl":{"description":"ID of the Network ACL associated with private subnet"},"private_subnet_id":{"description":"ID of the private subnet"},"public_nacl":{"description":"ID of the Network ACL associated with public subnet"},"public_subnet_id":{"description":"ID of the public subnet"},"shell":{"default":"/etc/cli.sh","description":"Select the shell mode: /etc/cli.sh, /bin/bash, /bin/csh, /bin/tcsh"},"sic_key":{"description":"The SIC key to create trusted connections between CHKP components"},"vpc_id":{"description":"VPC ID to deploy CloudGuard gateway"}}},"raw_data":{"FileName":"transit-vpc/main.tf","StartLine":177,"EndLine":200}},"mgmt":{"source":"../modules/cloudguard_management","expressions":{"admin_subnet":{"references":["local.admin_subnet"]},"allow_upload_download":{"constant_value":false},"chkp_tag":{"constant_value":"transitvpc"},"gateways_addresses":{"references":["local.chkp_transit_vpc_private_subnet_1","local.chkp_transit_vpc_private_subnet_2"]},"hostname":{"constant_value":"chkp-mgmt"},"image_id":{"references":["local.mgmt_image_id"]},"instance_type":{"references":["local.mgmt_instance_type"]},"key_name":{"references":["var.key_name"]},"management_name":{"constant_value":"chkp-mgmt"},"name":{"references":["local.chkp_tag"]},"password_hash":{"references":["local.password_hash"]},"public_nacl":{"references":["module.mgmt_vpc.public_nacl"]},"sic_key":{"references":["local.sic_key"]},"subnet_id":{"references":["module.mgmt_vpc.public_subnets"]},"vpc_id":{"references":["module.mgmt_vpc.vpc_id"]}},"module":{"outputs":{"chkp_management_security_group":{"expression":{"references":["aws_security_group.management"]},"description":"Security Group ID associated with the chkp mgmt server"}},"resources":[{"address":"aws_iam_instance_profile.management","mode":"managed","type":"aws_iam_instance_profile","name":"management","provider_config_key":"mgmt:aws","expressions":{"role":{"references":["aws_iam_role.management"]}},"schema_version":0,"raw_data":{"FileName":"modules/cloudguard_management/main.tf","StartLine":281,"EndLine":283}},{"address":"aws_iam_policy.management","mode":"managed","type":"aws_iam_policy","name":"management","provider_config_key":"mgmt:aws","expressions":{"policy":{"references":["data.aws_iam_policy_document.management-policy"]}},"schema_version":0,"raw_data":{"FileName":"modules/cloudguard_management/main.tf","StartLine":264,"EndLine":266}},{"address":"aws_iam_role.management","mode":"managed","type":"aws_iam_role","name":"management","provider_config_key":"mgmt:aws","expressions":{"assume_role_policy":{"references":["data.aws_iam_policy_document.management-assume"]},"path":{"constant_value":"/"}},"schema_version":0,"raw_data":{"FileName":"modules/cloudguard_management/main.tf","StartLine":273,"EndLine":276}},{"address":"aws_iam_role_policy_attachment.management","mode":"managed","type":"aws_iam_role_policy_attachment","name":"management","provider_config_key":"mgmt:aws","expressions":{"policy_arn":{"references":["aws_iam_policy.management"]},"role":{"references":["aws_iam_role.management"]}},"schema_version":0,"raw_data":{"FileName":"modules/cloudguard_management/main.tf","StartLine":268,"EndLine":271}},{"address":"aws_instance.management","mode":"managed","type":"aws_instance","name":"management","provider_config_key":"mgmt:aws","expressions":{"ami":{"references":["var.image_id"]},"ebs_block_device":[{"device_name":{"constant_value":"/dev/xvda"},"volume_size":{"constant_value":"100"},"volume_type":{"constant_value":"gp2"}}],"iam_instance_profile":{"references":["aws_iam_instance_profile.management"]},"instance_type":{"references":["var.instance_type"]},"key_name":{"references":["var.key_name"]},"network_interface":[{"device_index":{"constant_value":"0"},"network_interface_id":{"references":["aws_network_interface.management"]}}],"tags":{"references":["var.management_name"]},"user_data_base64":{}},"schema_version":1,"raw_data":{"FileName":"modules/cloudguard_management/main.tf","StartLine":298,"EndLine":325}},{"address":"aws_network_acl_rule.inbound_admin_18190","mode":"managed","type":"aws_network_acl_rule","name":"inbound_admin_18190","provider_config_key":"mgmt:aws","expressions":{"cidr_block":{"references":["var.admin_subnet"]},"egress":{"constant_value":false},"from_port":{"constant_value":18190},"network_acl_id":{"references":["var.public_nacl"]},"protocol":{"constant_value":"tcp"},"rule_action":{"constant_value":"allow"},"rule_number":{"constant_value":102},"to_port":{"constant_value":18190}},"schema_version":0,"raw_data":{"FileName":"modules/cloudguard_management/main.tf","StartLine":40,"EndLine":49}},{"address":"aws_network_acl_rule.inbound_admin_19009","mode":"managed","type":"aws_network_acl_rule","name":"inbound_admin_19009","provider_config_key":"mgmt:aws","expressions":{"cidr_block":{"references":["var.admin_subnet"]},"egress":{"constant_value":false},"from_port":{"constant_value":19009},"network_acl_id":{"references":["var.public_nacl"]},"protocol":{"constant_value":"tcp"},"rule_action":{"constant_value":"allow"},"rule_number":{"constant_value":103},"to_port":{"constant_value":19009}},"schema_version":0,"raw_data":{"FileName":"modules/cloudguard_management/main.tf","StartLine":51,"EndLine":60}},{"address":"aws_network_acl_rule.inbound_admin_22","mode":"managed","type":"aws_network_acl_rule","name":"inbound_admin_22","provider_config_key":"mgmt:aws","expressions":{"cidr_block":{"references":["var.admin_subnet"]},"egress":{"constant_value":false},"from_port":{"constant_value":22},"network_acl_id":{"references":["var.public_nacl"]},"protocol":{"constant_value":"tcp"},"rule_action":{"constant_value":"allow"},"rule_number":{"constant_value":100},"to_port":{"constant_value":22}},"schema_version":0,"raw_data":{"FileName":"modules/cloudguard_management/main.tf","StartLine":18,"EndLine":27}},{"address":"aws_network_acl_rule.inbound_admin_443","mode":"managed","type":"aws_network_acl_rule","name":"inbound_admin_443","provider_config_key":"mgmt:aws","expressions":{"cidr_block":{"references":["var.admin_subnet"]},"egress":{"constant_value":false},"from_port":{"constant_value":443},"network_acl_id":{"references":["var.public_nacl"]},"protocol":{"constant_value":"tcp"},"rule_action":{"constant_value":"allow"},"rule_number":{"constant_value":101},"to_port":{"constant_value":443}},"schema_version":0,"raw_data":{"FileName":"modules/cloudguard_management/main.tf","StartLine":29,"EndLine":38}},{"address":"aws_network_acl_rule.inbound_ephemeral","mode":"managed","type":"aws_network_acl_rule","name":"inbound_ephemeral","provider_config_key":"mgmt:aws","expressions":{"cidr_block":{"constant_value":"0.0.0.0/0"},"egress":{"constant_value":false},"from_port":{"constant_value":1024},"network_acl_id":{"references":["var.public_nacl"]},"protocol":{"constant_value":"tcp"},"rule_action":{"constant_value":"allow"},"rule_number":{"constant_value":99},"to_port":{"constant_value":65535}},"schema_version":0,"raw_data":{"FileName":"modules/cloudguard_management/main.tf","StartLine":7,"EndLine":16}},{"address":"aws_network_acl_rule.inbound_transit_gw_A","mode":"managed","type":"aws_network_acl_rule","name":"inbound_transit_gw_A","provider_config_key":"mgmt:aws","expressions":{"cidr_block":{"references":["var.gateways_addresses"]},"egress":{"constant_value":false},"from_port":{"constant_value":0},"network_acl_id":{"references":["var.public_nacl"]},"protocol":{"constant_value":"-1"},"rule_action":{"constant_value":"allow"},"rule_number":{"constant_value":200},"to_port":{"constant_value":65535}},"schema_version":0,"raw_data":{"FileName":"modules/cloudguard_management/main.tf","StartLine":62,"EndLine":71}},{"address":"aws_network_acl_rule.inbound_transit_gw_B","mode":"managed","type":"aws_network_acl_rule","name":"inbound_transit_gw_B","provider_config_key":"mgmt:aws","expressions":{"cidr_block":{"references":["var.gateways_addresses"]},"egress":{"constant_value":false},"from_port":{"constant_value":0},"network_acl_id":{"references":["var.public_nacl"]},"protocol":{"constant_value":"-1"},"rule_action":{"constant_value":"allow"},"rule_number":{"constant_value":201},"to_port":{"constant_value":65535}},"schema_version":0,"raw_data":{"FileName":"modules/cloudguard_management/main.tf","StartLine":73,"EndLine":82}},{"address":"aws_network_acl_rule.outbound","mode":"managed","type":"aws_network_acl_rule","name":"outbound","provider_config_key":"mgmt:aws","expressions":{"cidr_block":{"constant_value":"0.0.0.0/0"},"egress":{"constant_value":true},"from_port":{"constant_value":0},"network_acl_id":{"references":["var.public_nacl"]},"protocol":{"constant_value":"-1"},"rule_action":{"constant_value":"allow"},"rule_number":{"constant_value":104},"to_port":{"constant_value":65535}},"schema_version":0,"raw_data":{"FileName":"modules/cloudguard_management/main.tf","StartLine":84,"EndLine":93}},{"address":"aws_network_interface.management","mode":"managed","type":"aws_network_interface","name":"management","provider_config_key":"mgmt:aws","expressions":{"description":{"constant_value":"eth0"},"security_groups":{"references":["aws_security_group.management"]},"source_dest_check":{"constant_value":true},"subnet_id":{"references":["var.subnet_id"]}},"schema_version":0,"raw_data":{"FileName":"modules/cloudguard_management/main.tf","StartLine":288,"EndLine":293}},{"address":"aws_security_group.management","mode":"managed","type":"aws_security_group","name":"management","provider_config_key":"mgmt:aws","expressions":{"description":{"constant_value":"SG for Checkpoint Cloudguard Management Server"},"tags":{"references":["var.name"]},"vpc_id":{"references":["var.vpc_id"]}},"schema_version":1,"raw_data":{"FileName":"modules/cloudguard_management/main.tf","StartLine":98,"EndLine":104}},{"address":"aws_security_group_rule.outbound","mode":"managed","type":"aws_security_group_rule","name":"outbound","provider_config_key":"mgmt:aws","expressions":{"cidr_blocks":{"constant_value":["0.0.0.0/0"]},"from_port":{"constant_value":0},"protocol":{"constant_value":"-1"},"security_group_id":{"references":["aws_security_group.management"]},"to_port":{"constant_value":65535},"type":{"constant_value":"egress"}},"schema_version":2,"raw_data":{"FileName":"modules/cloudguard_management/main.tf","StartLine":190,"EndLine":197}},{"address":"aws_security_group_rule.tcp_18190","mode":"managed","type":"aws_security_group_rule","name":"tcp_18190","provider_config_key":"mgmt:aws","expressions":{"cidr_blocks":{"references":["var.admin_subnet"]},"from_port":{"constant_value":18190},"protocol":{"constant_value":"tcp"},"security_group_id":{"references":["aws_security_group.management"]},"to_port":{"constant_value":18190},"type":{"constant_value":"ingress"}},"schema_version":2,"raw_data":{"FileName":"modules/cloudguard_management/main.tf","StartLine":172,"EndLine":179}},{"address":"aws_security_group_rule.tcp_18191_18192","mode":"managed","type":"aws_security_group_rule","name":"tcp_18191_18192","provider_config_key":"mgmt:aws","expressions":{"cidr_blocks":{"references":["var.gateways_addresses"]},"from_port":{"constant_value":18191},"protocol":{"constant_value":"tcp"},"security_group_id":{"references":["aws_security_group.management"]},"to_port":{"constant_value":18192},"type":{"constant_value":"ingress"}},"schema_version":2,"raw_data":{"FileName":"modules/cloudguard_management/main.tf","StartLine":118,"EndLine":125}},{"address":"aws_security_group_rule.tcp_18210_18211","mode":"managed","type":"aws_security_group_rule","name":"tcp_18210_18211","provider_config_key":"mgmt:aws","expressions":{"cidr_blocks":{"references":["var.gateways_addresses"]},"from_port":{"constant_value":18210},"protocol":{"constant_value":"tcp"},"security_group_id":{"references":["aws_security_group.management"]},"to_port":{"constant_value":18211},"type":{"constant_value":"ingress"}},"schema_version":2,"raw_data":{"FileName":"modules/cloudguard_management/main.tf","StartLine":127,"EndLine":134}},{"address":"aws_security_group_rule.tcp_18221","mode":"managed","type":"aws_security_group_rule","name":"tcp_18221","provider_config_key":"mgmt:aws","expressions":{"cidr_blocks":{"references":["var.gateways_addresses"]},"from_port":{"constant_value":18221},"protocol":{"constant_value":"tcp"},"security_group_id":{"references":["aws_security_group.management"]},"to_port":{"constant_value":18221},"type":{"constant_value":"ingress"}},"schema_version":2,"raw_data":{"FileName":"modules/cloudguard_management/main.tf","StartLine":136,"EndLine":143}},{"address":"aws_security_group_rule.tcp_18264","mode":"managed","type":"aws_security_group_rule","name":"tcp_18264","provider_config_key":"mgmt:aws","expressions":{"cidr_blocks":{"references":["var.gateways_addresses"]},"from_port":{"constant_value":18264},"protocol":{"constant_value":"tcp"},"security_group_id":{"references":["aws_security_group.management"]},"to_port":{"constant_value":18264},"type":{"constant_value":"ingress"}},"schema_version":2,"raw_data":{"FileName":"modules/cloudguard_management/main.tf","StartLine":145,"EndLine":152}},{"address":"aws_security_group_rule.tcp_19009","mode":"managed","type":"aws_security_group_rule","name":"tcp_19009","provider_config_key":"mgmt:aws","expressions":{"cidr_blocks":{"references":["var.admin_subnet"]},"from_port":{"constant_value":19009},"protocol":{"constant_value":"tcp"},"security_group_id":{"references":["aws_security_group.management"]},"to_port":{"constant_value":19009},"type":{"constant_value":"ingress"}},"schema_version":2,"raw_data":{"FileName":"modules/cloudguard_management/main.tf","StartLine":181,"EndLine":188}},{"address":"aws_security_group_rule.tcp_22","mode":"managed","type":"aws_security_group_rule","name":"tcp_22","provider_config_key":"mgmt:aws","expressions":{"cidr_blocks":{"references":["var.admin_subnet"]},"from_port":{"constant_value":22},"protocol":{"constant_value":"tcp"},"security_group_id":{"references":["aws_security_group.management"]},"to_port":{"constant_value":22},"type":{"constant_value":"ingress"}},"schema_version":2,"raw_data":{"FileName":"modules/cloudguard_management/main.tf","StartLine":154,"EndLine":161}},{"address":"aws_security_group_rule.tcp_257","mode":"managed","type":"aws_security_group_rule","name":"tcp_257","provider_config_key":"mgmt:aws","expressions":{"cidr_blocks":{"references":["var.gateways_addresses"]},"from_port":{"constant_value":257},"protocol":{"constant_value":"tcp"},"security_group_id":{"references":["aws_security_group.management"]},"to_port":{"constant_value":257},"type":{"constant_value":"ingress"}},"schema_version":2,"raw_data":{"FileName":"modules/cloudguard_management/main.tf","StartLine":109,"EndLine":116}},{"address":"aws_security_group_rule.tcp_443","mode":"managed","type":"aws_security_group_rule","name":"tcp_443","provider_config_key":"mgmt:aws","expressions":{"cidr_blocks":{"references":["var.admin_subnet"]},"from_port":{"constant_value":443},"protocol":{"constant_value":"tcp"},"security_group_id":{"references":["aws_security_group.management"]},"to_port":{"constant_value":443},"type":{"constant_value":"ingress"}},"schema_version":2,"raw_data":{"FileName":"modules/cloudguard_management/main.tf","StartLine":163,"EndLine":170}},{"address":"data.aws_iam_policy_document.management-assume","mode":"data","type":"aws_iam_policy_document","name":"management-assume","provider_config_key":"mgmt:aws","expressions":{"statement":[{"actions":{"constant_value":["sts:AssumeRole"]},"effect":{"constant_value":"Allow"},"principals":[{"identifiers":{"constant_value":["ec2.amazonaws.com"]},"type":{"constant_value":"Service"}}],"sid":{"constant_value":"AssumeRole"}}],"version":{"constant_value":"2012-10-17"}},"schema_version":0,"raw_data":{"FileName":"modules/cloudguard_management/main.tf","StartLine":202,"EndLine":213}},{"address":"data.aws_iam_policy_document.management-policy","mode":"data","type":"aws_iam_policy_document","name":"management-policy","provider_config_key":"mgmt:aws","expressions":{"statement":[{"actions":{"constant_value":["ec2:DescribeCustomerGateways","ec2:CreateCustomerGateway","ec2:DeleteCustomerGateway","ec2:DescribeRouteTables","ec2:EnableVgwRoutePropagation","ec2:DisableVgwRoutePropagation","ec2:CreateVpnGateway","ec2:AttachVpnGateway","ec2:DetachVpnGateway","ec2:DeleteVpnGateway","ec2:CreateVpnConnection","ec2:DeleteVpnConnection","ec2:DescribeTransitGateways","ec2:DescribeTransitGatewayRouteTables","ec2:DescribeTransitGatewayAttachments","ec2:AssociateTransitGatewayRouteTable","ec2:DisassociateTransitGatewayRouteTable","ec2:EnableTransitGatewayRouteTablePropagation","ec2:DisableTransitGatewayRouteTablePropagation","ec2:GetTransitGatewayAttachmentPropagations","ec2:DescribeInstances","ec2:DescribeNetworkInterfaces","ec2:DescribeSubnets","ec2:DescribeVpcs","ec2:DescribeVpnGateways","ec2:DescribeVpnConnections","ec2:DescribeSecurityGroups","elasticloadbalancing:DescribeLoadBalancers","elasticloadbalancing:DescribeTags","elasticloadbalancing:DescribeListeners","elasticloadbalancing:DescribeTargetGroups","elasticloadbalancing:DescribeRules","elasticloadbalancing:DescribeTargetHealth","autoscaling:DescribeAutoScalingGroups","cloudformation:CreateStack","cloudformation:DeleteStack","cloudformation:DescribeStacks","cloudformation:DescribeStackResources"]},"effect":{"constant_value":"Allow"},"resources":{"constant_value":["*"]},"sid":{"constant_value":"ChkpManagementServerReadCreatePermissions"}}],"version":{"constant_value":"2012-10-17"}},"schema_version":0,"raw_data":{"FileName":"modules/cloudguard_management/main.tf","StartLine":215,"EndLine":262}},{"address":"data.aws_region.current","mode":"data","type":"aws_region","name":"current","provider_config_key":"mgmt:aws","schema_version":0,"raw_data":{"FileName":"modules/cloudguard_management/main.tf","StartLine":1,"EndLine":1}}],"variables":{"admin_subnet":{"description":"IP address range allowed to manage the Checkpoint Mgmt Server"},"allow_upload_download":{"default":false,"description":"Automatically download Blade Contracts and other important data"},"chkp_tag":{"description":"The tag is used by the Security Management Server to automatically provision the Security Gateways. Must be up to 12 alphanumeric characters and unique for each environment"},"enable_instance_connect":{"default":"","description":"Ec2 Instance Connect is not supported with versions prior to R80.40"},"gateways_addresses":{"description":"CloudGuard gateways management subnet (private interfaces)"},"hostname":{"default":"mgmt-aws","description":"Checkpoint Management Server Hostname"},"image_id":{"description":"AMI for Checkpoint Management Server"},"instance_type":{"description":"Instance type for Checkpoint Management Server"},"key_name":{"description":"SSH Key pair name to manage Checkpoint Management Server"},"management_name":{"description":"Name of the Checkpoint Management Server"},"name":{"description":"Tag to identify all resources under this VPC"},"ntp1":{"default":"169.254.169.123","description":"Primary NTP server"},"ntp2":{"default":"0.pool.ntp.org","description":"Secondary NTP server"},"password_hash":{"description":"Admin user's password hash (use command 'openssl passwd -1 PASSWORD' to get the PASSWORD's hash)"},"public_nacl":{"description":"ID of the Network ACL associated with CHKP Management Server"},"shell":{"default":"/etc/cli.sh","description":"Select the shell mode: /etc/cli.sh, /bin/bash, /bin/csh, /bin/tcsh"},"sic_key":{"description":"The SIC key to create trusted connections between CHKP components"},"subnet_id":{"description":"ID of the subnet for Checkpoint Management Server"},"vpc_id":{"description":"VPC ID to deploy CloudGuard Management Server"}}},"raw_data":{"FileName":"transit-vpc/main.tf","StartLine":127,"EndLine":144}},"mgmt_vpc":{"source":"../modules/vpc","expressions":{"az_public_subnet":{"references":["local.chkp_mgmt_vpc_public_subnet_1"]},"cidr_block":{"references":["local.chkp_mgmt_vpc_cidr_block"]},"create_igw":{"constant_value":true},"create_private_subnets":{"constant_value":false},"create_public_subnets":{"constant_value":true},"environment":{"references":["local.environment"]},"name":{"constant_value":"chkp_mgmt_vpc"}},"module":{"outputs":{"private_nacl":{"expression":{"references":["aws_network_acl.private"]},"description":"List of NACL IDs attached to private subnets"},"private_route_table":{"expression":{"references":["aws_route_table.private","aws_route_table.private[0]"]},"description":"Private route table Id"},"private_subnets":{"expression":{"references":["aws_subnet.private"]},"description":"List of private subnets"},"public_nacl":{"expression":{"references":["aws_network_acl.public"]},"description":"NACL ID attached to public subnets"},"public_route_table":{"expression":{"references":["aws_route_table.public","aws_route_table.public[0]"]},"description":"Public route table Id"},"public_subnets":{"expression":{"references":["aws_subnet.public"]},"description":"List of public subnets IDs"},"vpc_id":{"expression":{"references":["aws_vpc.vpc"]},"description":"The ID of the VPC"}},"resources":[{"address":"aws_default_network_acl.default","mode":"managed","type":"aws_default_network_acl","name":"default","provider_config_key":"mgmt_vpc:aws","expressions":{"default_network_acl_id":{"references":["aws_vpc.vpc"]}},"schema_version":0,"raw_data":{"FileName":"modules/vpc/main.tf","StartLine":17,"EndLine":19}},{"address":"aws_default_security_group.default","mode":"managed","type":"aws_default_security_group","name":"default","provider_config_key":"mgmt_vpc:aws","expressions":{"vpc_id":{"references":["aws_vpc.vpc"]}},"schema_version":1,"raw_data":{"FileName":"modules/vpc/main.tf","StartLine":23,"EndLine":25}},{"address":"aws_internet_gateway.igw","mode":"managed","type":"aws_internet_gateway","name":"igw","provider_config_key":"mgmt_vpc:aws","expressions":{"tags":{"references":["var.name","var.environment"]},"vpc_id":{"references":["aws_vpc.vpc"]}},"schema_version":0,"count_expression":{"references":["var.create_igw"]},"raw_data":{"FileName":"modules/vpc/main.tf","StartLine":30,"EndLine":37}},{"address":"aws_network_acl.private","mode":"managed","type":"aws_network_acl","name":"private","provider_config_key":"mgmt_vpc:aws","expressions":{"subnet_ids":{"references":["aws_subnet.private"]},"tags":{"references":["var.name","var.environment"]},"vpc_id":{"references":["aws_vpc.vpc"]}},"schema_version":0,"count_expression":{"references":["var.create_private_subnets"]},"raw_data":{"FileName":"modules/vpc/main.tf","StartLine":127,"EndLine":135}},{"address":"aws_network_acl.public","mode":"managed","type":"aws_network_acl","name":"public","provider_config_key":"mgmt_vpc:aws","expressions":{"subnet_ids":{"references":["aws_subnet.public"]},"tags":{"references":["var.name","var.environment"]},"vpc_id":{"references":["aws_vpc.vpc"]}},"schema_version":0,"count_expression":{"references":["var.create_public_subnets"]},"raw_data":{"FileName":"modules/vpc/main.tf","StartLine":82,"EndLine":90}},{"address":"aws_route.public","mode":"managed","type":"aws_route","name":"public","provider_config_key":"mgmt_vpc:aws","expressions":{"destination_cidr_block":{"constant_value":"0.0.0.0/0"},"gateway_id":{"references":["aws_internet_gateway.igw[0]"]},"route_table_id":{"references":["aws_route_table.public[0]"]}},"schema_version":0,"count_expression":{"references":["var.create_public_subnets"]},"raw_data":{"FileName":"modules/vpc/main.tf","StartLine":66,"EndLine":71}},{"address":"aws_route_table.private","mode":"managed","type":"aws_route_table","name":"private","provider_config_key":"mgmt_vpc:aws","expressions":{"tags":{"references":["var.name","var.environment"]},"vpc_id":{"references":["aws_vpc.vpc"]}},"schema_version":0,"count_expression":{"references":["var.create_private_subnets"]},"raw_data":{"FileName":"modules/vpc/main.tf","StartLine":109,"EndLine":116}},{"address":"aws_route_table.public","mode":"managed","type":"aws_route_table","name":"public","provider_config_key":"mgmt_vpc:aws","expressions":{"tags":{"references":["var.name","var.environment"]},"vpc_id":{"references":["aws_vpc.vpc"]}},"schema_version":0,"count_expression":{"references":["var.create_public_subnets"]},"raw_data":{"FileName":"modules/vpc/main.tf","StartLine":57,"EndLine":64}},{"address":"aws_route_table_association.private","mode":"managed","type":"aws_route_table_association","name":"private","provider_config_key":"mgmt_vpc:aws","expressions":{"route_table_id":{"references":["aws_route_table.private[0]"]},"subnet_id":{"references":["aws_subnet.private","count.index"]}},"schema_version":0,"count_expression":{"references":["var.create_private_subnets","var.az_private_subnet"]},"raw_data":{"FileName":"modules/vpc/main.tf","StartLine":118,"EndLine":122}},{"address":"aws_route_table_association.public","mode":"managed","type":"aws_route_table_association","name":"public","provider_config_key":"mgmt_vpc:aws","expressions":{"route_table_id":{"references":["aws_route_table.public[0]"]},"subnet_id":{"references":["aws_subnet.public","count.index"]}},"schema_version":0,"count_expression":{"references":["var.create_public_subnets","var.az_public_subnet"]},"raw_data":{"FileName":"modules/vpc/main.tf","StartLine":73,"EndLine":77}},{"address":"aws_subnet.private","mode":"managed","type":"aws_subnet","name":"private","provider_config_key":"mgmt_vpc:aws","expressions":{"availability_zone":{"references":["each.value"]},"cidr_block":{"references":["each.key"]},"tags":{"references":["var.name","each.value","var.environment"]},"vpc_id":{"references":["aws_vpc.vpc"]}},"schema_version":1,"for_each_expression":{"references":["var.create_private_subnets","var.az_private_subnet"]},"raw_data":{"FileName":"modules/vpc/main.tf","StartLine":95,"EndLine":104}},{"address":"aws_subnet.public","mode":"managed","type":"aws_subnet","name":"public","provider_config_key":"mgmt_vpc:aws","expressions":{"availability_zone":{"references":["each.value"]},"cidr_block":{"references":["each.key"]},"map_public_ip_on_launch":{"constant_value":true},"tags":{"references":["var.name","each.value","var.environment"]},"vpc_id":{"references":["aws_vpc.vpc"]}},"schema_version":1,"for_each_expression":{"references":["var.create_public_subnets","var.az_public_subnet"]},"raw_data":{"FileName":"modules/vpc/main.tf","StartLine":42,"EndLine":52}},{"address":"aws_vpc.vpc","mode":"managed","type":"aws_vpc","name":"vpc","provider_config_key":"mgmt_vpc:aws","expressions":{"cidr_block":{"references":["var.cidr_block"]},"enable_dns_hostnames":{"constant_value":true},"enable_dns_support":{"constant_value":true},"instance_tenancy":{"constant_value":"default"},"tags":{"references":["var.name","var.environment"]}},"schema_version":1,"raw_data":{"FileName":"modules/vpc/main.tf","StartLine":4,"EndLine":13}}],"variables":{"app_names":{"default":[],"description":"List of app names in order to create NACL for each"},"az_private_subnet":{"default":{},"description":"Mappping AZ to private subnet"},"az_public_subnet":{"default":{},"description":"Mappping AZ to public subnet"},"cidr_block":{"description":"The CIDR block for the VPC must be in form x.x.x.x/16-28"},"create_igw":{"default":true,"description":"Flag to control de creation of IGW"},"create_private_subnets":{"default":true,"description":"Flag to control de creation of private subnets"},"create_public_subnets":{"default":true,"description":"Flag to control de creation of public subnets"},"environment":{"description":"Specify the environment type (dev, stage, prod)"},"name":{"description":"Name to be used as identifier on all resources"}}},"raw_data":{"FileName":"transit-vpc/main.tf","StartLine":53,"EndLine":64}},"transit_vpc":{"source":"../modules/vpc","expressions":{"az_private_subnet":{"references":["local.chkp_transit_vpc_private_subnet_1","local.chkp_transit_vpc_private_subnet_2"]},"az_public_subnet":{"references":["local.chkp_transit_vpc_public_subnet_1","local.chkp_transit_vpc_public_subnet_2"]},"cidr_block":{"references":["local.chkp_transit_vpc_cidr_block"]},"create_igw":{"constant_value":true},"create_private_subnets":{"constant_value":true},"create_public_subnets":{"constant_value":true},"environment":{"references":["local.environment"]},"name":{"constant_value":"chkp_transit_vpc"}},"module":{"outputs":{"private_nacl":{"expression":{"references":["aws_network_acl.private"]},"description":"List of NACL IDs attached to private subnets"},"private_route_table":{"expression":{"references":["aws_route_table.private","aws_route_table.private[0]"]},"description":"Private route table Id"},"private_subnets":{"expression":{"references":["aws_subnet.private"]},"description":"List of private subnets"},"public_nacl":{"expression":{"references":["aws_network_acl.public"]},"description":"NACL ID attached to public subnets"},"public_route_table":{"expression":{"references":["aws_route_table.public","aws_route_table.public[0]"]},"description":"Public route table Id"},"public_subnets":{"expression":{"references":["aws_subnet.public"]},"description":"List of public subnets IDs"},"vpc_id":{"expression":{"references":["aws_vpc.vpc"]},"description":"The ID of the VPC"}},"resources":[{"address":"aws_default_network_acl.default","mode":"managed","type":"aws_default_network_acl","name":"default","provider_config_key":"transit_vpc:aws","expressions":{"default_network_acl_id":{"references":["aws_vpc.vpc"]}},"schema_version":0,"raw_data":{"FileName":"modules/vpc/main.tf","StartLine":17,"EndLine":19}},{"address":"aws_default_security_group.default","mode":"managed","type":"aws_default_security_group","name":"default","provider_config_key":"transit_vpc:aws","expressions":{"vpc_id":{"references":["aws_vpc.vpc"]}},"schema_version":1,"raw_data":{"FileName":"modules/vpc/main.tf","StartLine":23,"EndLine":25}},{"address":"aws_internet_gateway.igw","mode":"managed","type":"aws_internet_gateway","name":"igw","provider_config_key":"transit_vpc:aws","expressions":{"tags":{"references":["var.name","var.environment"]},"vpc_id":{"references":["aws_vpc.vpc"]}},"schema_version":0,"count_expression":{"references":["var.create_igw"]},"raw_data":{"FileName":"modules/vpc/main.tf","StartLine":30,"EndLine":37}},{"address":"aws_network_acl.private","mode":"managed","type":"aws_network_acl","name":"private","provider_config_key":"transit_vpc:aws","expressions":{"subnet_ids":{"references":["aws_subnet.private"]},"tags":{"references":["var.name","var.environment"]},"vpc_id":{"references":["aws_vpc.vpc"]}},"schema_version":0,"count_expression":{"references":["var.create_private_subnets"]},"raw_data":{"FileName":"modules/vpc/main.tf","StartLine":127,"EndLine":135}},{"address":"aws_network_acl.public","mode":"managed","type":"aws_network_acl","name":"public","provider_config_key":"transit_vpc:aws","expressions":{"subnet_ids":{"references":["aws_subnet.public"]},"tags":{"references":["var.name","var.environment"]},"vpc_id":{"references":["aws_vpc.vpc"]}},"schema_version":0,"count_expression":{"references":["var.create_public_subnets"]},"raw_data":{"FileName":"modules/vpc/main.tf","StartLine":82,"EndLine":90}},{"address":"aws_route.public","mode":"managed","type":"aws_route","name":"public","provider_config_key":"transit_vpc:aws","expressions":{"destination_cidr_block":{"constant_value":"0.0.0.0/0"},"gateway_id":{"references":["aws_internet_gateway.igw[0]"]},"route_table_id":{"references":["aws_route_table.public[0]"]}},"schema_version":0,"count_expression":{"references":["var.create_public_subnets"]},"raw_data":{"FileName":"modules/vpc/main.tf","StartLine":66,"EndLine":71}},{"address":"aws_route_table.private","mode":"managed","type":"aws_route_table","name":"private","provider_config_key":"transit_vpc:aws","expressions":{"tags":{"references":["var.name","var.environment"]},"vpc_id":{"references":["aws_vpc.vpc"]}},"schema_version":0,"count_expression":{"references":["var.create_private_subnets"]},"raw_data":{"FileName":"modules/vpc/main.tf","StartLine":109,"EndLine":116}},{"address":"aws_route_table.public","mode":"managed","type":"aws_route_table","name":"public","provider_config_key":"transit_vpc:aws","expressions":{"tags":{"references":["var.name","var.environment"]},"vpc_id":{"references":["aws_vpc.vpc"]}},"schema_version":0,"count_expression":{"references":["var.create_public_subnets"]},"raw_data":{"FileName":"modules/vpc/main.tf","StartLine":57,"EndLine":64}},{"address":"aws_route_table_association.private","mode":"managed","type":"aws_route_table_association","name":"private","provider_config_key":"transit_vpc:aws","expressions":{"route_table_id":{"references":["aws_route_table.private[0]"]},"subnet_id":{"references":["aws_subnet.private","count.index"]}},"schema_version":0,"count_expression":{"references":["var.create_private_subnets","var.az_private_subnet"]},"raw_data":{"FileName":"modules/vpc/main.tf","StartLine":118,"EndLine":122}},{"address":"aws_route_table_association.public","mode":"managed","type":"aws_route_table_association","name":"public","provider_config_key":"transit_vpc:aws","expressions":{"route_table_id":{"references":["aws_route_table.public[0]"]},"subnet_id":{"references":["aws_subnet.public","count.index"]}},"schema_version":0,"count_expression":{"references":["var.create_public_subnets","var.az_public_subnet"]},"raw_data":{"FileName":"modules/vpc/main.tf","StartLine":73,"EndLine":77}},{"address":"aws_subnet.private","mode":"managed","type":"aws_subnet","name":"private","provider_config_key":"transit_vpc:aws","expressions":{"availability_zone":{"references":["each.value"]},"cidr_block":{"references":["each.key"]},"tags":{"references":["var.name","each.value","var.environment"]},"vpc_id":{"references":["aws_vpc.vpc"]}},"schema_version":1,"for_each_expression":{"references":["var.create_private_subnets","var.az_private_subnet"]},"raw_data":{"FileName":"modules/vpc/main.tf","StartLine":95,"EndLine":104}},{"address":"aws_subnet.public","mode":"managed","type":"aws_subnet","name":"public","provider_config_key":"transit_vpc:aws","expressions":{"availability_zone":{"references":["each.value"]},"cidr_block":{"references":["each.key"]},"map_public_ip_on_launch":{"constant_value":true},"tags":{"references":["var.name","each.value","var.environment"]},"vpc_id":{"references":["aws_vpc.vpc"]}},"schema_version":1,"for_each_expression":{"references":["var.create_public_subnets","var.az_public_subnet"]},"raw_data":{"FileName":"modules/vpc/main.tf","StartLine":42,"EndLine":52}},{"address":"aws_vpc.vpc","mode":"managed","type":"aws_vpc","name":"vpc","provider_config_key":"transit_vpc:aws","expressions":{"cidr_block":{"references":["var.cidr_block"]},"enable_dns_hostnames":{"constant_value":true},"enable_dns_support":{"constant_value":true},"instance_tenancy":{"constant_value":"default"},"tags":{"references":["var.name","var.environment"]}},"schema_version":1,"raw_data":{"FileName":"modules/vpc/main.tf","StartLine":4,"EndLine":13}}],"variables":{"app_names":{"default":[],"description":"List of app names in order to create NACL for each"},"az_private_subnet":{"default":{},"description":"Mappping AZ to private subnet"},"az_public_subnet":{"default":{},"description":"Mappping AZ to public subnet"},"cidr_block":{"description":"The CIDR block for the VPC must be in form x.x.x.x/16-28"},"create_igw":{"default":true,"description":"Flag to control de creation of IGW"},"create_private_subnets":{"default":true,"description":"Flag to control de creation of private subnets"},"create_public_subnets":{"default":true,"description":"Flag to control de creation of public subnets"},"environment":{"description":"Specify the environment type (dev, stage, prod)"},"name":{"description":"Name to be used as identifier on all resources"}}},"raw_data":{"FileName":"transit-vpc/main.tf","StartLine":69,"EndLine":85}}},"variables":{"key_name":{"description":"The key to use when spinning up the instances"}}},"raw_data":{"FileName":"main.tf","StartLine":10,"EndLine":13}}}}}}
