{"format_version":"0.1","terraform_version":"0.12.29","planned_values":{"root_module":{"child_modules":[{"resources":[{"address":"module.test_module.aws_sns_topic.cloudrail","mode":"managed","type":"aws_sns_topic","name":"cloudrail","provider_name":"aws","schema_version":0,"values":{"application_failure_feedback_role_arn":null,"application_success_feedback_role_arn":null,"application_success_feedback_sample_rate":null,"delivery_policy":null,"display_name":null,"http_failure_feedback_role_arn":null,"http_success_feedback_role_arn":null,"http_success_feedback_sample_rate":null,"kms_master_key_id":"alias/aws/sns","lambda_failure_feedback_role_arn":null,"lambda_success_feedback_role_arn":null,"lambda_success_feedback_sample_rate":null,"name":"sns_ecnrypted","name_prefix":null,"sqs_failure_feedback_role_arn":null,"sqs_success_feedback_role_arn":null,"sqs_success_feedback_sample_rate":null,"tags":null}}],"address":"module.test_module"}]}},"resource_changes":[{"address":"module.test_module.aws_sns_topic.cloudrail","module_address":"module.test_module","mode":"managed","type":"aws_sns_topic","name":"cloudrail","provider_name":"aws","change":{"actions":["create"],"before":null,"after":{"application_failure_feedback_role_arn":null,"application_success_feedback_role_arn":null,"application_success_feedback_sample_rate":null,"delivery_policy":null,"display_name":null,"http_failure_feedback_role_arn":null,"http_success_feedback_role_arn":null,"http_success_feedback_sample_rate":null,"kms_master_key_id":"alias/aws/sns","lambda_failure_feedback_role_arn":null,"lambda_success_feedback_role_arn":null,"lambda_success_feedback_sample_rate":null,"name":"sns_ecnrypted","name_prefix":null,"sqs_failure_feedback_role_arn":null,"sqs_success_feedback_role_arn":null,"sqs_success_feedback_sample_rate":null,"tags":null},"after_unknown":{"arn":true,"id":true,"policy":true}}}],"configuration":{"provider_config":{"aws":{"name":"aws","version_constraint":"3.20.0","expressions":{"region":{"constant_value":"us-east-1"}}},"test_module:aws":{"name":"aws","module_address":"test_module","expressions":{"region":{"constant_value":"us-east-1"}}}},"root_module":{"module_calls":{"test_module":{"source":"./sns_topics/encrypted_at_rest_alias","module":{"resources":[{"address":"aws_sns_topic.cloudrail","mode":"managed","type":"aws_sns_topic","name":"cloudrail","provider_config_key":"test_module:aws","expressions":{"kms_master_key_id":{"constant_value":"alias/aws/sns"},"name":{"constant_value":"sns_ecnrypted"}},"schema_version":0,"raw_data":{"FileName":"sns_topics/encrypted_at_rest_alias/main.tf","StartLine":5,"EndLine":8}}]},"raw_data":{"FileName":"main.tf","StartLine":7,"EndLine":9}}}}}}
