{"format_version":"0.1","terraform_version":"0.12.29","planned_values":{"root_module":{"child_modules":[{"resources":[{"address":"module.test_module.aws_rds_global_cluster.global","mode":"managed","type":"aws_rds_global_cluster","name":"global","provider_name":"aws","schema_version":0,"values":{"database_name":null,"deletion_protection":false,"force_destroy":true,"global_cluster_identifier":"cloudrail-test-non-encrypted","source_db_cluster_identifier":"arn:aws:rds::115553109071:global-cluster:cloudrail-test-non-encrypted"}}],"address":"module.test_module"}]}},"resource_changes":[{"address":"module.test_module.aws_rds_global_cluster.global","module_address":"module.test_module","mode":"managed","type":"aws_rds_global_cluster","name":"global","provider_name":"aws","change":{"actions":["create"],"before":null,"after":{"database_name":null,"deletion_protection":false,"force_destroy":true,"global_cluster_identifier":"cloudrail-test-non-encrypted","source_db_cluster_identifier":"arn:aws:rds::115553109071:global-cluster:cloudrail-test-non-encrypted"},"after_unknown":{"arn":true,"engine":true,"engine_version":true,"global_cluster_members":true,"global_cluster_resource_id":true,"id":true,"storage_encrypted":true}}}],"configuration":{"provider_config":{"aws":{"name":"aws","version_constraint":"3.24.1","expressions":{"region":{"constant_value":"us-east-1"}}},"test_module:aws":{"name":"aws","module_address":"test_module","expressions":{"region":{"constant_value":"us-east-1"}}}},"root_module":{"module_calls":{"test_module":{"source":"./rds/aurora/global_cluster_encrypted_at_rest_disabled_with_source_db_encrypted","module":{"resources":[{"address":"aws_rds_global_cluster.global","mode":"managed","type":"aws_rds_global_cluster","name":"global","provider_config_key":"test_module:aws","expressions":{"force_destroy":{"constant_value":true},"global_cluster_identifier":{"constant_value":"cloudrail-test-non-encrypted"},"source_db_cluster_identifier":{"constant_value":"arn:aws:rds::115553109071:global-cluster:cloudrail-test-non-encrypted"}},"schema_version":0,"raw_data":{"FileName":"rds/aurora/global_cluster_encrypted_at_rest_disabled_with_source_db_encrypted/main.tf","StartLine":5,"EndLine":9}}]},"raw_data":{"FileName":"main.tf","StartLine":7,"EndLine":9}}}}}}
