{"format_version":"0.1","terraform_version":"0.12.29","planned_values":{"root_module":{"resources":[{"address":"aws_iam_role.over-privilege-role","mode":"managed","type":"aws_iam_role","name":"over-privilege-role","provider_name":"aws","schema_version":0,"values":{"assume_role_policy":"    {\n      \"Version\": \"2012-10-17\",\n      \"Statement\": [\n        {\n          \"Action\": \"sts:AssumeRole\",\n          \"Principal\": \"*\",\n          \"Effect\": \"Allow\",\n          \"Sid\": \"\"\n        }\n      ]\n    }\n","description":null,"force_detach_policies":false,"max_session_duration":3600,"name":"over-privilege-role","name_prefix":null,"path":"/","permissions_boundary":null,"tags":null}}]}},"resource_changes":[{"address":"aws_iam_role.over-privilege-role","mode":"managed","type":"aws_iam_role","name":"over-privilege-role","provider_name":"aws","change":{"actions":["create"],"before":null,"after":{"assume_role_policy":"    {\n      \"Version\": \"2012-10-17\",\n      \"Statement\": [\n        {\n          \"Action\": \"sts:AssumeRole\",\n          \"Principal\": \"*\",\n          \"Effect\": \"Allow\",\n          \"Sid\": \"\"\n        }\n      ]\n    }\n","description":null,"force_detach_policies":false,"max_session_duration":3600,"name":"over-privilege-role","name_prefix":null,"path":"/","permissions_boundary":null,"tags":null},"after_unknown":{"arn":true,"create_date":true,"id":true,"inline_policy":true,"managed_policy_arns":true,"unique_id":true}}}],"configuration":{"provider_config":{"aws":{"name":"aws","expressions":{"region":{"constant_value":"us-east-1"}}}},"root_module":{"resources":[{"address":"aws_iam_role.over-privilege-role","mode":"managed","type":"aws_iam_role","name":"over-privilege-role","provider_config_key":"aws","expressions":{"assume_role_policy":{"constant_value":"    {\n      \"Version\": \"2012-10-17\",\n      \"Statement\": [\n        {\n          \"Action\": \"sts:AssumeRole\",\n          \"Principal\": \"*\",\n          \"Effect\": \"Allow\",\n          \"Sid\": \"\"\n        }\n      ]\n    }\n"},"name":{"constant_value":"over-privilege-role"}},"schema_version":0,"raw_data":{"FileName":"main.tf","StartLine":5,"EndLine":21}}]}}}
