{"format_version":"0.1","terraform_version":"0.13.4","planned_values":{"root_module":{"resources":[{"address":"aws_rds_cluster.default","mode":"managed","type":"aws_rds_cluster","name":"default","provider_name":"registry.terraform.io/hashicorp/aws","schema_version":0,"values":{"allow_major_version_upgrade":null,"availability_zones":["us-east-1a","us-east-1b","us-east-1c"],"backtrack_window":null,"backup_retention_period":1,"cluster_identifier":"cloudrail-test-encrypted","copy_tags_to_snapshot":false,"database_name":"cloudrail","deletion_protection":null,"enable_http_endpoint":false,"enabled_cloudwatch_logs_exports":null,"engine":"aurora-mysql","engine_mode":"provisioned","engine_version":"5.7.mysql_aurora.2.03.2","final_snapshot_identifier":null,"global_cluster_identifier":null,"iam_database_authentication_enabled":null,"iam_roles":null,"master_password":"cloudrail-TEST-password","master_username":"administrator","replication_source_identifier":null,"restore_to_point_in_time":[],"s3_import":[],"scaling_configuration":[],"skip_final_snapshot":true,"snapshot_identifier":null,"source_region":null,"storage_encrypted":true,"tags":null,"timeouts":null}}]}},"resource_changes":[{"address":"aws_rds_cluster.default","mode":"managed","type":"aws_rds_cluster","name":"default","provider_name":"registry.terraform.io/hashicorp/aws","change":{"actions":["create"],"before":null,"after":{"allow_major_version_upgrade":null,"availability_zones":["us-east-1a","us-east-1b","us-east-1c"],"backtrack_window":null,"backup_retention_period":1,"cluster_identifier":"cloudrail-test-encrypted","copy_tags_to_snapshot":false,"database_name":"cloudrail","deletion_protection":null,"enable_http_endpoint":false,"enabled_cloudwatch_logs_exports":null,"engine":"aurora-mysql","engine_mode":"provisioned","engine_version":"5.7.mysql_aurora.2.03.2","final_snapshot_identifier":null,"global_cluster_identifier":null,"iam_database_authentication_enabled":null,"iam_roles":null,"master_password":"cloudrail-TEST-password","master_username":"administrator","replication_source_identifier":null,"restore_to_point_in_time":[],"s3_import":[],"scaling_configuration":[],"skip_final_snapshot":true,"snapshot_identifier":null,"source_region":null,"storage_encrypted":true,"tags":null,"timeouts":null},"after_unknown":{"apply_immediately":true,"arn":true,"availability_zones":[false,false,false],"cluster_identifier_prefix":true,"cluster_members":true,"cluster_resource_id":true,"db_cluster_parameter_group_name":true,"db_subnet_group_name":true,"endpoint":true,"hosted_zone_id":true,"id":true,"kms_key_id":true,"port":true,"preferred_backup_window":true,"preferred_maintenance_window":true,"reader_endpoint":true,"restore_to_point_in_time":[],"s3_import":[],"scaling_configuration":[],"tags_all":true,"vpc_security_group_ids":true}}}],"configuration":{"provider_config":{"aws":{"name":"aws","expressions":{"region":{"constant_value":"us-east-1"}}}},"root_module":{"resources":[{"address":"aws_rds_cluster.default","mode":"managed","type":"aws_rds_cluster","name":"default","provider_config_key":"aws","expressions":{"availability_zones":{"constant_value":["us-east-1a","us-east-1b","us-east-1c"]},"cluster_identifier":{"constant_value":"cloudrail-test-encrypted"},"database_name":{"constant_value":"cloudrail"},"engine":{"constant_value":"aurora-mysql"},"engine_version":{"constant_value":"5.7.mysql_aurora.2.03.2"},"master_password":{"constant_value":"cloudrail-TEST-password"},"master_username":{"constant_value":"administrator"},"skip_final_snapshot":{"constant_value":true},"storage_encrypted":{"constant_value":true}},"schema_version":0,"raw_data":{"FileName":"main.tf","StartLine":1,"EndLine":11}}]}}}
