{"format_version":"0.1","terraform_version":"0.13.4","planned_values":{"root_module":{"resources":[{"address":"aws_athena_workgroup.cloudrail_wg","mode":"managed","type":"aws_athena_workgroup","name":"cloudrail_wg","provider_name":"registry.terraform.io/hashicorp/aws","schema_version":0,"values":{"configuration":[{"bytes_scanned_cutoff_per_query":null,"enforce_workgroup_configuration":true,"publish_cloudwatch_metrics_enabled":true,"result_configuration":[{"encryption_configuration":[{"encryption_option":"CSE_KMS","kms_key_arn":"aws_kms_key.athena_workgroup.arn"}],"output_location":"s3://{aws_s3_bucket.cloudrail_anthena_bucket.bucket}/output/"}]}],"description":null,"force_destroy":false,"name":"cloudrail-wg-encrypted-cse-kms-cmk","state":"ENABLED","tags":null}},{"address":"aws_kms_key.athena_workgroup","mode":"managed","type":"aws_kms_key","name":"athena_workgroup","provider_name":"registry.terraform.io/hashicorp/aws","schema_version":0,"values":{"customer_master_key_spec":"SYMMETRIC_DEFAULT","deletion_window_in_days":7,"description":"KMS key for athena workgroup","enable_key_rotation":false,"is_enabled":true,"key_usage":"ENCRYPT_DECRYPT","tags":null}},{"address":"aws_s3_bucket.cloudrail_anthena_bucket","mode":"managed","type":"aws_s3_bucket","name":"cloudrail_anthena_bucket","provider_name":"registry.terraform.io/hashicorp/aws","schema_version":0,"values":{"acl":"private","bucket":"cloudrail-wg-encrypted-cse-kms-cmk","bucket_prefix":null,"cors_rule":[],"force_destroy":false,"grant":[],"lifecycle_rule":[],"logging":[],"object_lock_configuration":[],"policy":null,"replication_configuration":[],"server_side_encryption_configuration":[],"tags":null,"versioning":[],"website":[]}},{"address":"aws_s3_bucket_public_access_block.cloudrail_anthena_bucket","mode":"managed","type":"aws_s3_bucket_public_access_block","name":"cloudrail_anthena_bucket","provider_name":"registry.terraform.io/hashicorp/aws","schema_version":0,"values":{"block_public_acls":true,"block_public_policy":true,"bucket":"aws_s3_bucket.cloudrail_anthena_bucket.id","ignore_public_acls":true,"restrict_public_buckets":true}}]}},"resource_changes":[{"address":"aws_athena_workgroup.cloudrail_wg","mode":"managed","type":"aws_athena_workgroup","name":"cloudrail_wg","provider_name":"registry.terraform.io/hashicorp/aws","change":{"actions":["create"],"before":null,"after":{"configuration":[{"bytes_scanned_cutoff_per_query":null,"enforce_workgroup_configuration":true,"publish_cloudwatch_metrics_enabled":true,"result_configuration":[{"encryption_configuration":[{"encryption_option":"CSE_KMS","kms_key_arn":"aws_kms_key.athena_workgroup.arn"}],"output_location":"s3://{aws_s3_bucket.cloudrail_anthena_bucket.bucket}/output/"}]}],"description":null,"force_destroy":false,"name":"cloudrail-wg-encrypted-cse-kms-cmk","state":"ENABLED","tags":null},"after_unknown":{"arn":true,"configuration":[{"result_configuration":[{"encryption_configuration":[{}]}]}],"id":true,"tags_all":true}}},{"address":"aws_kms_key.athena_workgroup","mode":"managed","type":"aws_kms_key","name":"athena_workgroup","provider_name":"registry.terraform.io/hashicorp/aws","change":{"actions":["create"],"before":null,"after":{"customer_master_key_spec":"SYMMETRIC_DEFAULT","deletion_window_in_days":7,"description":"KMS key for athena workgroup","enable_key_rotation":false,"is_enabled":true,"key_usage":"ENCRYPT_DECRYPT","tags":null},"after_unknown":{"arn":true,"id":true,"key_id":true,"policy":true,"tags_all":true}}},{"address":"aws_s3_bucket.cloudrail_anthena_bucket","mode":"managed","type":"aws_s3_bucket","name":"cloudrail_anthena_bucket","provider_name":"registry.terraform.io/hashicorp/aws","change":{"actions":["create"],"before":null,"after":{"acl":"private","bucket":"cloudrail-wg-encrypted-cse-kms-cmk","bucket_prefix":null,"cors_rule":[],"force_destroy":false,"grant":[],"lifecycle_rule":[],"logging":[],"object_lock_configuration":[],"policy":null,"replication_configuration":[],"server_side_encryption_configuration":[],"tags":null,"versioning":[],"website":[]},"after_unknown":{"acceleration_status":true,"arn":true,"bucket_domain_name":true,"bucket_regional_domain_name":true,"cors_rule":[],"grant":[],"hosted_zone_id":true,"id":true,"lifecycle_rule":[],"logging":[],"object_lock_configuration":[],"region":true,"replication_configuration":[],"request_payer":true,"server_side_encryption_configuration":[],"tags_all":true,"versioning":[],"website":[],"website_domain":true,"website_endpoint":true}}},{"address":"aws_s3_bucket_public_access_block.cloudrail_anthena_bucket","mode":"managed","type":"aws_s3_bucket_public_access_block","name":"cloudrail_anthena_bucket","provider_name":"registry.terraform.io/hashicorp/aws","change":{"actions":["create"],"before":null,"after":{"block_public_acls":true,"block_public_policy":true,"bucket":"aws_s3_bucket.cloudrail_anthena_bucket.id","ignore_public_acls":true,"restrict_public_buckets":true},"after_unknown":{"id":true}}}],"configuration":{"provider_config":{"aws":{"name":"aws","expressions":{"region":{"constant_value":"us-east-1"}}}},"root_module":{"resources":[{"address":"aws_athena_workgroup.cloudrail_wg","mode":"managed","type":"aws_athena_workgroup","name":"cloudrail_wg","provider_config_key":"aws","expressions":{"configuration":[{"enforce_workgroup_configuration":{"constant_value":true},"publish_cloudwatch_metrics_enabled":{"constant_value":true},"result_configuration":[{"encryption_configuration":[{"encryption_option":{"constant_value":"CSE_KMS"},"kms_key_arn":{"references":["aws_kms_key.athena_workgroup"]}}],"output_location":{"constant_value":"s3://{aws_s3_bucket.cloudrail_anthena_bucket.bucket}/output/"}}]}],"name":{"constant_value":"cloudrail-wg-encrypted-cse-kms-cmk"}},"schema_version":0,"raw_data":{"FileName":"main.tf","StartLine":20,"EndLine":36}},{"address":"aws_kms_key.athena_workgroup","mode":"managed","type":"aws_kms_key","name":"athena_workgroup","provider_config_key":"aws","expressions":{"deletion_window_in_days":{"constant_value":7},"description":{"constant_value":"KMS key for athena workgroup"}},"schema_version":0,"raw_data":{"FileName":"main.tf","StartLine":2,"EndLine":5}},{"address":"aws_s3_bucket.cloudrail_anthena_bucket","mode":"managed","type":"aws_s3_bucket","name":"cloudrail_anthena_bucket","provider_config_key":"aws","expressions":{"acl":{"constant_value":"private"},"bucket":{"constant_value":"cloudrail-wg-encrypted-cse-kms-cmk"}},"schema_version":0,"raw_data":{"FileName":"main.tf","StartLine":7,"EndLine":10}},{"address":"aws_s3_bucket_public_access_block.cloudrail_anthena_bucket","mode":"managed","type":"aws_s3_bucket_public_access_block","name":"cloudrail_anthena_bucket","provider_config_key":"aws","expressions":{"block_public_acls":{"constant_value":true},"block_public_policy":{"constant_value":true},"bucket":{"references":["aws_s3_bucket.cloudrail_anthena_bucket"]},"ignore_public_acls":{"constant_value":true},"restrict_public_buckets":{"constant_value":true}},"schema_version":0,"raw_data":{"FileName":"main.tf","StartLine":12,"EndLine":18}}]}}}
