{"format_version":"0.1","terraform_version":"0.13.4","planned_values":{"root_module":{"resources":[{"address":"aws_efs_file_system.cloudrail","mode":"managed","type":"aws_efs_file_system","name":"cloudrail","provider_name":"registry.terraform.io/hashicorp/aws","schema_version":0,"values":{"creation_token":"cloudrail-encrypted","encrypted":true,"lifecycle_policy":[],"provisioned_throughput_in_mibps":null,"tags":null,"throughput_mode":"bursting"}}]}},"resource_changes":[{"address":"aws_efs_file_system.cloudrail","mode":"managed","type":"aws_efs_file_system","name":"cloudrail","provider_name":"registry.terraform.io/hashicorp/aws","change":{"actions":["create"],"before":null,"after":{"creation_token":"cloudrail-encrypted","encrypted":true,"lifecycle_policy":[],"provisioned_throughput_in_mibps":null,"tags":null,"throughput_mode":"bursting"},"after_unknown":{"arn":true,"availability_zone_id":true,"availability_zone_name":true,"dns_name":true,"id":true,"kms_key_id":true,"lifecycle_policy":[],"number_of_mount_targets":true,"owner_id":true,"performance_mode":true,"size_in_bytes":true,"tags_all":true}}}],"configuration":{"provider_config":{"aws":{"name":"aws","expressions":{"region":{"constant_value":"us-east-1"}}}},"root_module":{"resources":[{"address":"aws_efs_file_system.cloudrail","mode":"managed","type":"aws_efs_file_system","name":"cloudrail","provider_config_key":"aws","expressions":{"creation_token":{"constant_value":"cloudrail-encrypted"},"encrypted":{"constant_value":true}},"schema_version":0,"raw_data":{"FileName":"main.tf","StartLine":2,"EndLine":6}}]}}}
