{"format_version":"0.1","terraform_version":"0.12.29","planned_values":{"root_module":{"resources":[{"address":"aws_ssm_parameter.test","mode":"managed","type":"aws_ssm_parameter","name":"test","provider_name":"aws","schema_version":0,"values":{"allowed_pattern":null,"description":null,"key_id":"arn:aws:kms:us-east-1:115553109071:key/55c058f1-3500-4897-9453-30f61ce20251","name":"test-cloudrail","overwrite":null,"tags":null,"tier":"Standard","type":"SecureString","value":"s11per.S3cret.Value"}}]}},"resource_changes":[{"address":"aws_ssm_parameter.test","mode":"managed","type":"aws_ssm_parameter","name":"test","provider_name":"aws","change":{"actions":["create"],"before":null,"after":{"allowed_pattern":null,"description":null,"key_id":"arn:aws:kms:us-east-1:115553109071:key/55c058f1-3500-4897-9453-30f61ce20251","name":"test-cloudrail","overwrite":null,"tags":null,"tier":"Standard","type":"SecureString","value":"s11per.S3cret.Value"},"after_unknown":{"arn":true,"data_type":true,"id":true,"version":true}}}],"prior_state":{"format_version":"0.1","terraform_version":"0.12.29","values":{"root_module":{"resources":[{"address":"data.aws_kms_key.by_alias","mode":"data","type":"aws_kms_key","name":"by_alias","provider_name":"aws","schema_version":0,"values":{"arn":"arn:aws:kms:us-east-1:115553109071:key/55c058f1-3500-4897-9453-30f61ce20251","aws_account_id":"115553109071","creation_date":"2021-02-25T07:38:57Z","customer_master_key_spec":"SYMMETRIC_DEFAULT","deletion_date":null,"description":"KMS key for SSM Parameter Store","enabled":true,"expiration_model":"","grant_tokens":null,"id":"55c058f1-3500-4897-9453-30f61ce20251","key_id":"alias/test-ssm","key_manager":"CUSTOMER","key_state":"Enabled","key_usage":"ENCRYPT_DECRYPT","origin":"AWS_KMS","valid_to":null}}]}}},"configuration":{"provider_config":{"aws":{"name":"aws","expressions":{"region":{"constant_value":"us-east-1"}}}},"root_module":{"resources":[{"address":"aws_ssm_parameter.test","mode":"managed","type":"aws_ssm_parameter","name":"test","provider_config_key":"aws","expressions":{"key_id":{"references":["data.aws_kms_key.by_alias"]},"name":{"constant_value":"test-cloudrail"},"type":{"constant_value":"SecureString"},"value":{"constant_value":"s11per.S3cret.Value"}},"schema_version":0,"raw_data":{"FileName":"main.tf","StartLine":9,"EndLine":14}},{"address":"data.aws_kms_key.by_alias","mode":"data","type":"aws_kms_key","name":"by_alias","provider_config_key":"aws","expressions":{"key_id":{"constant_value":"alias/test-ssm"}},"schema_version":0,"raw_data":{"FileName":"main.tf","StartLine":5,"EndLine":7}}]}}}
