{"format_version":"0.1","terraform_version":"0.14.6","planned_values":{"root_module":{"resources":[{"address":"azurerm_network_interface.nic","mode":"managed","type":"azurerm_network_interface","name":"nic","provider_name":"registry.terraform.io/hashicorp/azurerm","schema_version":0,"values":{"enable_accelerated_networking":false,"enable_ip_forwarding":false,"ip_configuration":[{"name":"ipconfig001","private_ip_address_allocation":"dynamic","private_ip_address_version":"IPv4","public_ip_address_id":null,"subnet_id":"azurerm_subnet.snet.id"}],"location":"westeurope","name":"cr2460-nic","resource_group_name":"cr2460-RG","tags":null,"timeouts":null}},{"address":"azurerm_resource_group.rg","mode":"managed","type":"azurerm_resource_group","name":"rg","provider_name":"registry.terraform.io/hashicorp/azurerm","schema_version":0,"values":{"location":"westeurope","name":"cr2460-RG","tags":null,"timeouts":null}},{"address":"azurerm_subnet.snet","mode":"managed","type":"azurerm_subnet","name":"snet","provider_name":"registry.terraform.io/hashicorp/azurerm","schema_version":0,"values":{"address_prefixes":["10.0.23.0/24"],"delegation":[],"enforce_private_link_endpoint_network_policies":false,"enforce_private_link_service_network_policies":false,"name":"cr2460-snet","resource_group_name":"cr2460-RG","service_endpoint_policy_ids":null,"service_endpoints":null,"timeouts":null,"virtual_network_name":"cr2460-vnet"}},{"address":"azurerm_virtual_machine.main","mode":"managed","type":"azurerm_virtual_machine","name":"main","provider_name":"registry.terraform.io/hashicorp/azurerm","schema_version":0,"values":{"additional_capabilities":[],"boot_diagnostics":[],"delete_data_disks_on_termination":true,"delete_os_disk_on_termination":true,"location":"westeurope","name":"cr2460-vm","network_interface_ids":["azurerm_network_interface.nic.id"],"os_profile":[{"admin_password":"Passw0rd78234!","admin_username":"testadmin","computer_name":"hostname"}],"os_profile_linux_config":[],"os_profile_secrets":[],"os_profile_windows_config":[{"additional_unattend_config":[],"enable_automatic_upgrades":false,"provision_vm_agent":false,"timezone":"","winrm":[]}],"plan":[],"primary_network_interface_id":null,"proximity_placement_group_id":null,"resource_group_name":"cr2460-RG","storage_data_disk":[{"create_option":"empty","disk_size_gb":1,"lun":10,"name":"testdatadisk","vhd_uri":null,"write_accelerator_enabled":false},{"create_option":"empty","disk_size_gb":1,"lun":11,"name":"testdatadisk2","vhd_uri":null,"write_accelerator_enabled":false}],"storage_image_reference":[{"id":"","offer":"WindowsServer","publisher":"MicrosoftWindowsServer","sku":"2019-Datacenter","version":"latest"}],"storage_os_disk":[{"caching":"ReadWrite","create_option":"FromImage","image_uri":null,"managed_disk_type":"Standard_LRS","name":"myosdisk1","vhd_uri":null,"write_accelerator_enabled":false}],"tags":null,"timeouts":null,"vm_size":"Standard_B2s","zones":null}},{"address":"azurerm_virtual_network.vnet","mode":"managed","type":"azurerm_virtual_network","name":"vnet","provider_name":"registry.terraform.io/hashicorp/azurerm","schema_version":0,"values":{"address_space":["10.0.0.0/16"],"bgp_community":null,"ddos_protection_plan":[],"location":"westeurope","name":"cr2460-vnet","resource_group_name":"cr2460-RG","tags":null,"timeouts":null,"vm_protection_enabled":false}}]}},"resource_changes":[{"address":"azurerm_network_interface.nic","mode":"managed","type":"azurerm_network_interface","name":"nic","provider_name":"registry.terraform.io/hashicorp/azurerm","change":{"actions":["create"],"before":null,"after":{"enable_accelerated_networking":false,"enable_ip_forwarding":false,"ip_configuration":[{"name":"ipconfig001","private_ip_address_allocation":"dynamic","private_ip_address_version":"IPv4","public_ip_address_id":null,"subnet_id":"azurerm_subnet.snet.id"}],"location":"westeurope","name":"cr2460-nic","resource_group_name":"cr2460-RG","tags":null,"timeouts":null},"after_unknown":{"applied_dns_servers":true,"dns_servers":true,"id":true,"internal_dns_name_label":true,"internal_domain_name_suffix":true,"ip_configuration":[{"primary":true,"private_ip_address":true}],"mac_address":true,"private_ip_address":true,"private_ip_addresses":true,"virtual_machine_id":true}}},{"address":"azurerm_resource_group.rg","mode":"managed","type":"azurerm_resource_group","name":"rg","provider_name":"registry.terraform.io/hashicorp/azurerm","change":{"actions":["create"],"before":null,"after":{"location":"westeurope","name":"cr2460-RG","tags":null,"timeouts":null},"after_unknown":{"id":true}}},{"address":"azurerm_subnet.snet","mode":"managed","type":"azurerm_subnet","name":"snet","provider_name":"registry.terraform.io/hashicorp/azurerm","change":{"actions":["create"],"before":null,"after":{"address_prefixes":["10.0.23.0/24"],"delegation":[],"enforce_private_link_endpoint_network_policies":false,"enforce_private_link_service_network_policies":false,"name":"cr2460-snet","resource_group_name":"cr2460-RG","service_endpoint_policy_ids":null,"service_endpoints":null,"timeouts":null,"virtual_network_name":"cr2460-vnet"},"after_unknown":{"address_prefix":true,"address_prefixes":[false],"delegation":[],"id":true}}},{"address":"azurerm_virtual_machine.main","mode":"managed","type":"azurerm_virtual_machine","name":"main","provider_name":"registry.terraform.io/hashicorp/azurerm","change":{"actions":["create"],"before":null,"after":{"additional_capabilities":[],"boot_diagnostics":[],"delete_data_disks_on_termination":true,"delete_os_disk_on_termination":true,"location":"westeurope","name":"cr2460-vm","network_interface_ids":["azurerm_network_interface.nic.id"],"os_profile":[{"admin_password":"Passw0rd78234!","admin_username":"testadmin","computer_name":"hostname"}],"os_profile_linux_config":[],"os_profile_secrets":[],"os_profile_windows_config":[{"additional_unattend_config":[],"enable_automatic_upgrades":false,"provision_vm_agent":false,"timezone":"","winrm":[]}],"plan":[],"primary_network_interface_id":null,"proximity_placement_group_id":null,"resource_group_name":"cr2460-RG","storage_data_disk":[{"create_option":"empty","disk_size_gb":1,"lun":10,"name":"testdatadisk","vhd_uri":null,"write_accelerator_enabled":false},{"create_option":"empty","disk_size_gb":1,"lun":11,"name":"testdatadisk2","vhd_uri":null,"write_accelerator_enabled":false}],"storage_image_reference":[{"id":"","offer":"WindowsServer","publisher":"MicrosoftWindowsServer","sku":"2019-Datacenter","version":"latest"}],"storage_os_disk":[{"caching":"ReadWrite","create_option":"FromImage","image_uri":null,"managed_disk_type":"Standard_LRS","name":"myosdisk1","vhd_uri":null,"write_accelerator_enabled":false}],"tags":null,"timeouts":null,"vm_size":"Standard_B2s","zones":null},"after_unknown":{"additional_capabilities":[],"availability_set_id":true,"boot_diagnostics":[],"id":true,"identity":true,"license_type":true,"network_interface_ids":[false],"os_profile":[{"custom_data":true}],"os_profile_linux_config":[],"os_profile_secrets":[],"os_profile_windows_config":[{"additional_unattend_config":[],"winrm":[]}],"plan":[],"storage_data_disk":[{"caching":true,"managed_disk_id":true,"managed_disk_type":true},{"caching":true,"managed_disk_id":true,"managed_disk_type":true}],"storage_image_reference":[{}],"storage_os_disk":[{"disk_size_gb":true,"managed_disk_id":true,"os_type":true}]}}},{"address":"azurerm_virtual_network.vnet","mode":"managed","type":"azurerm_virtual_network","name":"vnet","provider_name":"registry.terraform.io/hashicorp/azurerm","change":{"actions":["create"],"before":null,"after":{"address_space":["10.0.0.0/16"],"bgp_community":null,"ddos_protection_plan":[],"location":"westeurope","name":"cr2460-vnet","resource_group_name":"cr2460-RG","tags":null,"timeouts":null,"vm_protection_enabled":false},"after_unknown":{"address_space":[false],"ddos_protection_plan":[],"dns_servers":true,"guid":true,"id":true,"subnet":true}}}],"configuration":{"provider_config":{"azurerm":{"name":"azurerm","expressions":{"features":[{}]}}},"root_module":{"resources":[{"address":"azurerm_network_interface.nic","mode":"managed","type":"azurerm_network_interface","name":"nic","provider_config_key":"azurerm","expressions":{"ip_configuration":[{"name":{"constant_value":"ipconfig001"},"private_ip_address_allocation":{"constant_value":"Dynamic"},"subnet_id":{"references":["azurerm_subnet.snet"]}}],"location":{"references":["azurerm_resource_group.rg"]},"name":{"references":["local.resource_prefix"]},"resource_group_name":{"references":["azurerm_resource_group.rg"]}},"schema_version":0,"raw_data":{"FileName":"main.tf","StartLine":12,"EndLine":22}},{"address":"azurerm_resource_group.rg","mode":"managed","type":"azurerm_resource_group","name":"rg","provider_config_key":"azurerm","expressions":{"location":{"constant_value":"West Europe"},"name":{"references":["local.resource_prefix"]}},"schema_version":0,"raw_data":{"FileName":"main.tf","StartLine":7,"EndLine":10}},{"address":"azurerm_subnet.snet","mode":"managed","type":"azurerm_subnet","name":"snet","provider_config_key":"azurerm","expressions":{"address_prefixes":{"constant_value":["10.0.23.0/24"]},"name":{"references":["local.resource_prefix"]},"resource_group_name":{"references":["azurerm_resource_group.rg"]},"virtual_network_name":{"references":["azurerm_virtual_network.vnet"]}},"schema_version":0,"raw_data":{"FileName":"main.tf","StartLine":31,"EndLine":36}},{"address":"azurerm_virtual_machine.main","mode":"managed","type":"azurerm_virtual_machine","name":"main","provider_config_key":"azurerm","expressions":{"delete_data_disks_on_termination":{"constant_value":true},"delete_os_disk_on_termination":{"constant_value":true},"location":{"references":["azurerm_resource_group.rg"]},"name":{"references":["local.resource_prefix"]},"network_interface_ids":{"references":["azurerm_network_interface.nic"]},"os_profile":[{"admin_password":{"constant_value":"Passw0rd78234!"},"admin_username":{"constant_value":"testadmin"},"computer_name":{"constant_value":"hostname"}}],"os_profile_windows_config":[{}],"resource_group_name":{"references":["azurerm_resource_group.rg"]},"storage_data_disk":[{"create_option":{"constant_value":"empty"},"disk_size_gb":{"constant_value":1},"lun":{"constant_value":10},"name":{"constant_value":"testdatadisk"}},{"create_option":{"constant_value":"empty"},"disk_size_gb":{"constant_value":1},"lun":{"constant_value":11},"name":{"constant_value":"testdatadisk2"}}],"storage_image_reference":[{"offer":{"constant_value":"WindowsServer"},"publisher":{"constant_value":"MicrosoftWindowsServer"},"sku":{"constant_value":"2019-Datacenter"},"version":{"constant_value":"latest"}}],"storage_os_disk":[{"caching":{"constant_value":"ReadWrite"},"create_option":{"constant_value":"FromImage"},"managed_disk_type":{"constant_value":"Standard_LRS"},"name":{"constant_value":"myosdisk1"}}],"vm_size":{"constant_value":"Standard_B2s"}},"schema_version":0,"raw_data":{"FileName":"main.tf","StartLine":38,"EndLine":80}},{"address":"azurerm_virtual_network.vnet","mode":"managed","type":"azurerm_virtual_network","name":"vnet","provider_config_key":"azurerm","expressions":{"address_space":{"constant_value":["10.0.0.0/16"]},"location":{"references":["azurerm_resource_group.rg"]},"name":{"references":["local.resource_prefix"]},"resource_group_name":{"references":["azurerm_resource_group.rg"]}},"schema_version":0,"raw_data":{"FileName":"main.tf","StartLine":24,"EndLine":29}}]}}}
