{"format_version":"0.1","terraform_version":"0.14.4","planned_values":{"root_module":{"resources":[{"address":"aws_sqs_queue.test","mode":"managed","type":"aws_sqs_queue","name":"test","provider_name":"registry.terraform.io/hashicorp/aws","schema_version":0,"values":{"content_based_deduplication":false,"delay_seconds":0,"fifo_queue":false,"kms_master_key_id":"arn:aws:kms:us-east-1:115553109071:key/92818204-4285-42f9-a18f-1615bd8c7bf0","max_message_size":262144,"message_retention_seconds":345600,"name":"sqs_encrypted","name_prefix":null,"receive_wait_time_seconds":0,"redrive_policy":null,"tags":null,"visibility_timeout_seconds":30}}]}},"resource_changes":[{"address":"aws_sqs_queue.test","mode":"managed","type":"aws_sqs_queue","name":"test","provider_name":"registry.terraform.io/hashicorp/aws","change":{"actions":["create"],"before":null,"after":{"content_based_deduplication":false,"delay_seconds":0,"fifo_queue":false,"kms_master_key_id":"arn:aws:kms:us-east-1:115553109071:key/92818204-4285-42f9-a18f-1615bd8c7bf0","max_message_size":262144,"message_retention_seconds":345600,"name":"sqs_encrypted","name_prefix":null,"receive_wait_time_seconds":0,"redrive_policy":null,"tags":null,"visibility_timeout_seconds":30},"after_unknown":{"arn":true,"id":true,"kms_data_key_reuse_period_seconds":true,"policy":true}}}],"prior_state":{"format_version":"0.1","terraform_version":"0.14.4","values":{"root_module":{"resources":[{"address":"data.aws_kms_key.by_alias","mode":"data","type":"aws_kms_key","name":"by_alias","provider_name":"registry.terraform.io/hashicorp/aws","schema_version":0,"values":{"arn":"arn:aws:kms:us-east-1:115553109071:key/92818204-4285-42f9-a18f-1615bd8c7bf0","aws_account_id":"115553109071","creation_date":"2020-12-17T10:47:31Z","customer_master_key_spec":"SYMMETRIC_DEFAULT","deletion_date":null,"description":"Default master key that protects my SQS messages when no other key is defined","enabled":true,"expiration_model":"","grant_tokens":null,"id":"92818204-4285-42f9-a18f-1615bd8c7bf0","key_id":"alias/aws/sqs","key_manager":"AWS","key_state":"Enabled","key_usage":"ENCRYPT_DECRYPT","origin":"AWS_KMS","valid_to":null}}]}}},"configuration":{"provider_config":{"aws":{"name":"aws","expressions":{"region":{"constant_value":"us-east-1"}}}},"root_module":{"resources":[{"address":"aws_sqs_queue.test","mode":"managed","type":"aws_sqs_queue","name":"test","provider_config_key":"aws","expressions":{"kms_master_key_id":{"references":["data.aws_kms_key.by_alias"]},"name":{"constant_value":"sqs_encrypted"}},"schema_version":0},{"address":"data.aws_kms_key.by_alias","mode":"data","type":"aws_kms_key","name":"by_alias","provider_config_key":"aws","expressions":{"key_id":{"constant_value":"alias/aws/sqs"}},"schema_version":0}]}}}
