{
    "format_version": "0.1",
    "terraform_version": "0.14.6",
    "planned_values": {
        "root_module": {
            "resources": [
                {
                    "address": "azurerm_linux_virtual_machine.main",
                    "mode": "managed",
                    "type": "azurerm_linux_virtual_machine",
                    "name": "main",
                    "provider_name": "registry.terraform.io/hashicorp/azurerm",
                    "schema_version": 0,
                    "values": {
                        "additional_capabilities": [],
                        "admin_password": "P@$$w0rd1234!",
                        "admin_ssh_key": [],
                        "admin_username": "adminuser",
                        "allow_extension_operations": true,
                        "availability_set_id": null,
                        "boot_diagnostics": [],
                        "custom_data": null,
                        "dedicated_host_id": null,
                        "disable_password_authentication": false,
                        "encryption_at_host_enabled": null,
                        "eviction_policy": null,
                        "extensions_time_budget": "PT1H30M",
                        "identity": [],
                        "license_type": null,
                        "location": "westeurope",
                        "max_bid_price": -1,
                        "name": "cr2460-vm",
                        "network_interface_ids": [
                            "azurerm_network_interface.nic.id"
                        ],
                        "os_disk": [
                            {
                                "caching": "ReadWrite",
                                "diff_disk_settings": [],
                                "disk_encryption_set_id": null,
                                "storage_account_type": "Standard_LRS",
                                "write_accelerator_enabled": false
                            }
                        ],
                        "patch_mode": "ImageDefault",
                        "plan": [],
                        "platform_fault_domain": -1,
                        "priority": "Regular",
                        "provision_vm_agent": true,
                        "proximity_placement_group_id": null,
                        "resource_group_name": "cr2460-RG",
                        "secret": [],
                        "secure_boot_enabled": null,
                        "size": "Standard_B2s",
                        "source_image_id": null,
                        "source_image_reference": [
                            {
                                "offer": "UbuntuServer",
                                "publisher": "Canonical",
                                "sku": "16.04-LTS",
                                "version": "latest"
                            }
                        ],
                        "tags": null,
                        "timeouts": null,
                        "virtual_machine_scale_set_id": null,
                        "vtpm_enabled": null
                    }
                },
                {
                    "address": "azurerm_network_interface.nic",
                    "mode": "managed",
                    "type": "azurerm_network_interface",
                    "name": "nic",
                    "provider_name": "registry.terraform.io/hashicorp/azurerm",
                    "schema_version": 0,
                    "values": {
                        "enable_accelerated_networking": false,
                        "enable_ip_forwarding": false,
                        "ip_configuration": [
                            {
                                "name": "ipconfig001",
                                "private_ip_address_allocation": "dynamic",
                                "private_ip_address_version": "IPv4",
                                "public_ip_address_id": null,
                                "subnet_id": "azurerm_subnet.snet.id"
                            }
                        ],
                        "location": "westeurope",
                        "name": "cr2460-nic",
                        "resource_group_name": "cr2460-RG",
                        "tags": null,
                        "timeouts": null
                    }
                },
                {
                    "address": "azurerm_resource_group.rg",
                    "mode": "managed",
                    "type": "azurerm_resource_group",
                    "name": "rg",
                    "provider_name": "registry.terraform.io/hashicorp/azurerm",
                    "schema_version": 0,
                    "values": {
                        "location": "westeurope",
                        "name": "cr2460-RG",
                        "tags": null,
                        "timeouts": null
                    }
                },
                {
                    "address": "azurerm_subnet.snet",
                    "mode": "managed",
                    "type": "azurerm_subnet",
                    "name": "snet",
                    "provider_name": "registry.terraform.io/hashicorp/azurerm",
                    "schema_version": 0,
                    "values": {
                        "address_prefixes": [
                            "10.0.23.0/24"
                        ],
                        "delegation": [],
                        "enforce_private_link_endpoint_network_policies": false,
                        "enforce_private_link_service_network_policies": false,
                        "name": "cr2460-snet",
                        "resource_group_name": "cr2460-RG",
                        "service_endpoint_policy_ids": null,
                        "service_endpoints": null,
                        "timeouts": null,
                        "virtual_network_name": "cr2460-vnet"
                    }
                },
                {
                    "address": "azurerm_virtual_machine_extension.example",
                    "mode": "managed",
                    "type": "azurerm_virtual_machine_extension",
                    "name": "example",
                    "provider_name": "registry.terraform.io/hashicorp/azurerm",
                    "schema_version": 0,
                    "values": {
                        "auto_upgrade_minor_version": null,
                        "automatic_upgrade_enabled": null,
                        "name": "hostname",
                        "protected_settings": null,
                        "publisher": "Microsoft.Azure.Extensions",
                        "settings": "    {\n        \"commandToExecute\": \"hostname \u0026\u0026 uptime\"\n    }\n",
                        "tags": {
                            "environment": "Production"
                        },
                        "timeouts": null,
                        "type": "CustomScript",
                        "type_handler_version": "2.0",
                        "virtual_machine_id": "azurerm_linux_virtual_machine.main.id"
                    }
                },
                {
                    "address": "azurerm_virtual_network.vnet",
                    "mode": "managed",
                    "type": "azurerm_virtual_network",
                    "name": "vnet",
                    "provider_name": "registry.terraform.io/hashicorp/azurerm",
                    "schema_version": 0,
                    "values": {
                        "address_space": [
                            "10.0.0.0/16"
                        ],
                        "bgp_community": null,
                        "ddos_protection_plan": [],
                        "flow_timeout_in_minutes": null,
                        "location": "westeurope",
                        "name": "cr2460-vnet",
                        "resource_group_name": "cr2460-RG",
                        "tags": null,
                        "timeouts": null,
                        "vm_protection_enabled": false
                    }
                }
            ]
        }
    },
    "resource_changes": [
        {
            "address": "azurerm_linux_virtual_machine.main",
            "mode": "managed",
            "type": "azurerm_linux_virtual_machine",
            "name": "main",
            "provider_name": "registry.terraform.io/hashicorp/azurerm",
            "change": {
                "actions": [
                    "create"
                ],
                "before": null,
                "after": {
                    "additional_capabilities": [],
                    "admin_password": "P@$$w0rd1234!",
                    "admin_ssh_key": [],
                    "admin_username": "adminuser",
                    "allow_extension_operations": true,
                    "availability_set_id": null,
                    "boot_diagnostics": [],
                    "custom_data": null,
                    "dedicated_host_id": null,
                    "disable_password_authentication": false,
                    "encryption_at_host_enabled": null,
                    "eviction_policy": null,
                    "extensions_time_budget": "PT1H30M",
                    "identity": [],
                    "license_type": null,
                    "location": "westeurope",
                    "max_bid_price": -1,
                    "name": "cr2460-vm",
                    "network_interface_ids": [
                        "azurerm_network_interface.nic.id"
                    ],
                    "os_disk": [
                        {
                            "caching": "ReadWrite",
                            "diff_disk_settings": [],
                            "disk_encryption_set_id": null,
                            "storage_account_type": "Standard_LRS",
                            "write_accelerator_enabled": false
                        }
                    ],
                    "patch_mode": "ImageDefault",
                    "plan": [],
                    "platform_fault_domain": -1,
                    "priority": "Regular",
                    "provision_vm_agent": true,
                    "proximity_placement_group_id": null,
                    "resource_group_name": "cr2460-RG",
                    "secret": [],
                    "secure_boot_enabled": null,
                    "size": "Standard_B2s",
                    "source_image_id": null,
                    "source_image_reference": [
                        {
                            "offer": "UbuntuServer",
                            "publisher": "Canonical",
                            "sku": "16.04-LTS",
                            "version": "latest"
                        }
                    ],
                    "tags": null,
                    "timeouts": null,
                    "virtual_machine_scale_set_id": null,
                    "vtpm_enabled": null
                },
                "after_unknown": {
                    "additional_capabilities": [],
                    "admin_ssh_key": [],
                    "boot_diagnostics": [],
                    "computer_name": true,
                    "id": true,
                    "identity": [],
                    "network_interface_ids": [
                        false
                    ],
                    "os_disk": [
                        {
                            "diff_disk_settings": [],
                            "disk_size_gb": true,
                            "name": true
                        }
                    ],
                    "plan": [],
                    "private_ip_address": true,
                    "private_ip_addresses": true,
                    "public_ip_address": true,
                    "public_ip_addresses": true,
                    "secret": [],
                    "source_image_reference": [
                        {}
                    ],
                    "virtual_machine_id": true,
                    "zone": true
                }
            }
        },
        {
            "address": "azurerm_network_interface.nic",
            "mode": "managed",
            "type": "azurerm_network_interface",
            "name": "nic",
            "provider_name": "registry.terraform.io/hashicorp/azurerm",
            "change": {
                "actions": [
                    "create"
                ],
                "before": null,
                "after": {
                    "enable_accelerated_networking": false,
                    "enable_ip_forwarding": false,
                    "ip_configuration": [
                        {
                            "name": "ipconfig001",
                            "private_ip_address_allocation": "dynamic",
                            "private_ip_address_version": "IPv4",
                            "public_ip_address_id": null,
                            "subnet_id": "azurerm_subnet.snet.id"
                        }
                    ],
                    "location": "westeurope",
                    "name": "cr2460-nic",
                    "resource_group_name": "cr2460-RG",
                    "tags": null,
                    "timeouts": null
                },
                "after_unknown": {
                    "applied_dns_servers": true,
                    "dns_servers": true,
                    "id": true,
                    "internal_dns_name_label": true,
                    "internal_domain_name_suffix": true,
                    "ip_configuration": [
                        {
                            "gateway_load_balancer_frontend_ip_configuration_id": true,
                            "primary": true,
                            "private_ip_address": true
                        }
                    ],
                    "mac_address": true,
                    "private_ip_address": true,
                    "private_ip_addresses": true,
                    "virtual_machine_id": true
                }
            }
        },
        {
            "address": "azurerm_resource_group.rg",
            "mode": "managed",
            "type": "azurerm_resource_group",
            "name": "rg",
            "provider_name": "registry.terraform.io/hashicorp/azurerm",
            "change": {
                "actions": [
                    "create"
                ],
                "before": null,
                "after": {
                    "location": "westeurope",
                    "name": "cr2460-RG",
                    "tags": null,
                    "timeouts": null
                },
                "after_unknown": {
                    "id": true
                }
            }
        },
        {
            "address": "azurerm_subnet.snet",
            "mode": "managed",
            "type": "azurerm_subnet",
            "name": "snet",
            "provider_name": "registry.terraform.io/hashicorp/azurerm",
            "change": {
                "actions": [
                    "create"
                ],
                "before": null,
                "after": {
                    "address_prefixes": [
                        "10.0.23.0/24"
                    ],
                    "delegation": [],
                    "enforce_private_link_endpoint_network_policies": false,
                    "enforce_private_link_service_network_policies": false,
                    "name": "cr2460-snet",
                    "resource_group_name": "cr2460-RG",
                    "service_endpoint_policy_ids": null,
                    "service_endpoints": null,
                    "timeouts": null,
                    "virtual_network_name": "cr2460-vnet"
                },
                "after_unknown": {
                    "address_prefix": true,
                    "address_prefixes": [
                        false
                    ],
                    "delegation": [],
                    "id": true
                }
            }
        },
        {
            "address": "azurerm_virtual_machine_extension.example",
            "mode": "managed",
            "type": "azurerm_virtual_machine_extension",
            "name": "example",
            "provider_name": "registry.terraform.io/hashicorp/azurerm",
            "change": {
                "actions": [
                    "create"
                ],
                "before": null,
                "after": {
                    "auto_upgrade_minor_version": null,
                    "automatic_upgrade_enabled": null,
                    "name": "hostname",
                    "protected_settings": null,
                    "publisher": "Microsoft.Azure.Extensions",
                    "settings": "    {\n        \"commandToExecute\": \"hostname \u0026\u0026 uptime\"\n    }\n",
                    "tags": {
                        "environment": "Production"
                    },
                    "timeouts": null,
                    "type": "CustomScript",
                    "type_handler_version": "2.0",
                    "virtual_machine_id": "azurerm_linux_virtual_machine.main.id"
                },
                "after_unknown": {
                    "id": true,
                    "tags": {}
                }
            }
        },
        {
            "address": "azurerm_virtual_network.vnet",
            "mode": "managed",
            "type": "azurerm_virtual_network",
            "name": "vnet",
            "provider_name": "registry.terraform.io/hashicorp/azurerm",
            "change": {
                "actions": [
                    "create"
                ],
                "before": null,
                "after": {
                    "address_space": [
                        "10.0.0.0/16"
                    ],
                    "bgp_community": null,
                    "ddos_protection_plan": [],
                    "flow_timeout_in_minutes": null,
                    "location": "westeurope",
                    "name": "cr2460-vnet",
                    "resource_group_name": "cr2460-RG",
                    "tags": null,
                    "timeouts": null,
                    "vm_protection_enabled": false
                },
                "after_unknown": {
                    "address_space": [
                        false
                    ],
                    "ddos_protection_plan": [],
                    "dns_servers": true,
                    "guid": true,
                    "id": true,
                    "subnet": true
                }
            }
        }
    ],
    "configuration": {
        "provider_config": {
            "azurerm": {
                "name": "azurerm",
                "expressions": {
                    "features": [
                        {}
                    ]
                }
            }
        },
        "root_module": {
            "resources": [
                {
                    "address": "azurerm_linux_virtual_machine.main",
                    "mode": "managed",
                    "type": "azurerm_linux_virtual_machine",
                    "name": "main",
                    "provider_config_key": "azurerm",
                    "expressions": {
                        "admin_password": {
                            "constant_value": "P@$$w0rd1234!"
                        },
                        "admin_username": {
                            "constant_value": "adminuser"
                        },
                        "disable_password_authentication": {
                            "constant_value": false
                        },
                        "location": {
                            "references": [
                                "azurerm_resource_group.rg"
                            ]
                        },
                        "name": {
                            "references": [
                                "local.resource_prefix"
                            ]
                        },
                        "network_interface_ids": {
                            "references": [
                                "azurerm_network_interface.nic"
                            ]
                        },
                        "os_disk": [
                            {
                                "caching": {
                                    "constant_value": "ReadWrite"
                                },
                                "storage_account_type": {
                                    "constant_value": "Standard_LRS"
                                }
                            }
                        ],
                        "resource_group_name": {
                            "references": [
                                "azurerm_resource_group.rg"
                            ]
                        },
                        "size": {
                            "constant_value": "Standard_B2s"
                        },
                        "source_image_reference": [
                            {
                                "offer": {
                                    "constant_value": "UbuntuServer"
                                },
                                "publisher": {
                                    "constant_value": "Canonical"
                                },
                                "sku": {
                                    "constant_value": "16.04-LTS"
                                },
                                "version": {
                                    "constant_value": "latest"
                                }
                            }
                        ]
                    },
                    "schema_version": 0,
                    "raw_data": {
                        "FileName": "main.tf",
                        "StartLine": 41,
                        "EndLine": 62
                    }
                },
                {
                    "address": "azurerm_network_interface.nic",
                    "mode": "managed",
                    "type": "azurerm_network_interface",
                    "name": "nic",
                    "provider_config_key": "azurerm",
                    "expressions": {
                        "ip_configuration": [
                            {
                                "name": {
                                    "constant_value": "ipconfig001"
                                },
                                "private_ip_address_allocation": {
                                    "constant_value": "Dynamic"
                                },
                                "subnet_id": {
                                    "references": [
                                        "azurerm_subnet.snet"
                                    ]
                                }
                            }
                        ],
                        "location": {
                            "references": [
                                "azurerm_resource_group.rg"
                            ]
                        },
                        "name": {
                            "references": [
                                "local.resource_prefix"
                            ]
                        },
                        "resource_group_name": {
                            "references": [
                                "azurerm_resource_group.rg"
                            ]
                        }
                    },
                    "schema_version": 0,
                    "raw_data": {
                        "FileName": "main.tf",
                        "StartLine": 15,
                        "EndLine": 25
                    }
                },
                {
                    "address": "azurerm_resource_group.rg",
                    "mode": "managed",
                    "type": "azurerm_resource_group",
                    "name": "rg",
                    "provider_config_key": "azurerm",
                    "expressions": {
                        "location": {
                            "constant_value": "West Europe"
                        },
                        "name": {
                            "references": [
                                "local.resource_prefix"
                            ]
                        }
                    },
                    "schema_version": 0,
                    "raw_data": {
                        "FileName": "main.tf",
                        "StartLine": 10,
                        "EndLine": 13
                    }
                },
                {
                    "address": "azurerm_subnet.snet",
                    "mode": "managed",
                    "type": "azurerm_subnet",
                    "name": "snet",
                    "provider_config_key": "azurerm",
                    "expressions": {
                        "address_prefixes": {
                            "constant_value": [
                                "10.0.23.0/24"
                            ]
                        },
                        "name": {
                            "references": [
                                "local.resource_prefix"
                            ]
                        },
                        "resource_group_name": {
                            "references": [
                                "azurerm_resource_group.rg"
                            ]
                        },
                        "virtual_network_name": {
                            "references": [
                                "azurerm_virtual_network.vnet"
                            ]
                        }
                    },
                    "schema_version": 0,
                    "raw_data": {
                        "FileName": "main.tf",
                        "StartLine": 34,
                        "EndLine": 39
                    }
                },
                {
                    "address": "azurerm_virtual_machine_extension.example",
                    "mode": "managed",
                    "type": "azurerm_virtual_machine_extension",
                    "name": "example",
                    "provider_config_key": "azurerm",
                    "expressions": {
                        "name": {
                            "constant_value": "hostname"
                        },
                        "publisher": {
                            "constant_value": "Microsoft.Azure.Extensions"
                        },
                        "settings": {
                            "constant_value": "    {\n        \"commandToExecute\": \"hostname \u0026\u0026 uptime\"\n    }\n"
                        },
                        "tags": {
                            "constant_value": {
                                "environment": "Production"
                            }
                        },
                        "type": {
                            "constant_value": "CustomScript"
                        },
                        "type_handler_version": {
                            "constant_value": "2.0"
                        },
                        "virtual_machine_id": {
                            "references": [
                                "azurerm_linux_virtual_machine.main"
                            ]
                        }
                    },
                    "schema_version": 0,
                    "raw_data": {
                        "FileName": "main.tf",
                        "StartLine": 64,
                        "EndLine": 81
                    }
                },
                {
                    "address": "azurerm_virtual_network.vnet",
                    "mode": "managed",
                    "type": "azurerm_virtual_network",
                    "name": "vnet",
                    "provider_config_key": "azurerm",
                    "expressions": {
                        "address_space": {
                            "constant_value": [
                                "10.0.0.0/16"
                            ]
                        },
                        "location": {
                            "references": [
                                "azurerm_resource_group.rg"
                            ]
                        },
                        "name": {
                            "references": [
                                "local.resource_prefix"
                            ]
                        },
                        "resource_group_name": {
                            "references": [
                                "azurerm_resource_group.rg"
                            ]
                        }
                    },
                    "schema_version": 0,
                    "raw_data": {
                        "FileName": "main.tf",
                        "StartLine": 27,
                        "EndLine": 32
                    }
                }
            ]
        }
    }
}