{"format_version":"0.1","terraform_version":"0.12.29","planned_values":{"root_module":{"resources":[{"address":"aws_subnet.main","mode":"managed","type":"aws_subnet","name":"main","provider_name":"aws","schema_version":1,"values":{"assign_ipv6_address_on_creation":false,"cidr_block":"10.0.1.0/24","customer_owned_ipv4_pool":null,"ipv6_cidr_block":null,"map_customer_owned_ip_on_launch":null,"map_public_ip_on_launch":false,"outpost_arn":null,"tags":{"Name":"Main"},"timeouts":null,"vpc_id":"aws_vpc.main.id"}},{"address":"aws_vpc.main","mode":"managed","type":"aws_vpc","name":"main","provider_name":"aws","schema_version":1,"values":{"assign_generated_ipv6_cidr_block":false,"cidr_block":"10.0.0.0/16","enable_dns_support":true,"instance_tenancy":"default","tags":{"Name":"main"}}}]}},"resource_changes":[{"address":"aws_subnet.main","mode":"managed","type":"aws_subnet","name":"main","provider_name":"aws","change":{"actions":["create"],"before":null,"after":{"assign_ipv6_address_on_creation":false,"cidr_block":"10.0.1.0/24","customer_owned_ipv4_pool":null,"ipv6_cidr_block":null,"map_customer_owned_ip_on_launch":null,"map_public_ip_on_launch":false,"outpost_arn":null,"tags":{"Name":"Main"},"timeouts":null,"vpc_id":"aws_vpc.main.id"},"after_unknown":{"arn":true,"availability_zone":true,"availability_zone_id":true,"id":true,"ipv6_cidr_block_association_id":true,"owner_id":true,"tags":{}}}},{"address":"aws_vpc.main","mode":"managed","type":"aws_vpc","name":"main","provider_name":"aws","change":{"actions":["create"],"before":null,"after":{"assign_generated_ipv6_cidr_block":false,"cidr_block":"10.0.0.0/16","enable_dns_support":true,"instance_tenancy":"default","tags":{"Name":"main"}},"after_unknown":{"arn":true,"default_network_acl_id":true,"default_route_table_id":true,"default_security_group_id":true,"dhcp_options_id":true,"enable_classiclink":true,"enable_classiclink_dns_support":true,"enable_dns_hostnames":true,"id":true,"ipv6_association_id":true,"ipv6_cidr_block":true,"main_route_table_id":true,"owner_id":true,"tags":{}}}}],"configuration":{"root_module":{"resources":[{"address":"aws_subnet.main","mode":"managed","type":"aws_subnet","name":"main","provider_config_key":"aws","expressions":{"cidr_block":{"constant_value":"10.0.1.0/24"},"tags":{"constant_value":{"Name":"Main"}},"vpc_id":{"references":["aws_vpc.main"]}},"schema_version":1,"raw_data":{"FileName":"main.tf","StartLine":8,"EndLine":14}},{"address":"aws_vpc.main","mode":"managed","type":"aws_vpc","name":"main","provider_config_key":"aws","expressions":{"cidr_block":{"constant_value":"10.0.0.0/16"},"instance_tenancy":{"constant_value":"default"},"tags":{"constant_value":{"Name":"main"}}},"schema_version":1,"raw_data":{"FileName":"main.tf","StartLine":1,"EndLine":7}}]}}}
