{"format_version":"0.1","terraform_version":"0.13.4","planned_values":{"root_module":{"resources":[{"address":"aws_secretsmanager_secret.secure_policy","mode":"managed","type":"aws_secretsmanager_secret","name":"secure_policy","provider_name":"registry.terraform.io/hashicorp/aws","schema_version":0,"values":{"description":null,"kms_key_id":null,"name":"secure_secret_1","recovery_window_in_days":30,"rotation_rules":[],"tags":null}},{"address":"aws_secretsmanager_secret_policy.example","mode":"managed","type":"aws_secretsmanager_secret_policy","name":"example","provider_name":"registry.terraform.io/hashicorp/aws","schema_version":0,"values":{"block_public_policy":null,"policy":"{\n  \"Version\": \"2012-10-17\",\n  \"Statement\": [\n    {\n      \"Sid\": \"EnableAllPermissions\",\n      \"Effect\": \"Allow\",\n      \"Principal\": {\n        \"AWS\": \"*\"\n      },\n      \"Action\": [\n        \"secretsmanager:GetSecretValue\",\n        \"secretsmanager:ListSecrets\"\n        ],\n      \"Resource\": \"*\"\n    }\n  ]\n}\n","secret_arn":"aws_secretsmanager_secret.secure_policy.arn"}}]}},"resource_changes":[{"address":"aws_secretsmanager_secret.secure_policy","mode":"managed","type":"aws_secretsmanager_secret","name":"secure_policy","provider_name":"registry.terraform.io/hashicorp/aws","change":{"actions":["create"],"before":null,"after":{"description":null,"kms_key_id":null,"name":"secure_secret_1","recovery_window_in_days":30,"rotation_rules":[],"tags":null},"after_unknown":{"arn":true,"id":true,"name_prefix":true,"policy":true,"rotation_enabled":true,"rotation_lambda_arn":true,"rotation_rules":[],"tags_all":true}}},{"address":"aws_secretsmanager_secret_policy.example","mode":"managed","type":"aws_secretsmanager_secret_policy","name":"example","provider_name":"registry.terraform.io/hashicorp/aws","change":{"actions":["create"],"before":null,"after":{"block_public_policy":null,"policy":"{\n  \"Version\": \"2012-10-17\",\n  \"Statement\": [\n    {\n      \"Sid\": \"EnableAllPermissions\",\n      \"Effect\": \"Allow\",\n      \"Principal\": {\n        \"AWS\": \"*\"\n      },\n      \"Action\": [\n        \"secretsmanager:GetSecretValue\",\n        \"secretsmanager:ListSecrets\"\n        ],\n      \"Resource\": \"*\"\n    }\n  ]\n}\n","secret_arn":"aws_secretsmanager_secret.secure_policy.arn"},"after_unknown":{"id":true}}}],"configuration":{"provider_config":{"aws":{"name":"aws","expressions":{"region":{"constant_value":"us-east-1"}}}},"root_module":{"resources":[{"address":"aws_secretsmanager_secret.secure_policy","mode":"managed","type":"aws_secretsmanager_secret","name":"secure_policy","provider_config_key":"aws","expressions":{"name":{"constant_value":"secure_secret_1"}},"schema_version":0,"raw_data":{"FileName":"main.tf","StartLine":1,"EndLine":3}},{"address":"aws_secretsmanager_secret_policy.example","mode":"managed","type":"aws_secretsmanager_secret_policy","name":"example","provider_config_key":"aws","expressions":{"policy":{"constant_value":"{\n  \"Version\": \"2012-10-17\",\n  \"Statement\": [\n    {\n      \"Sid\": \"EnableAllPermissions\",\n      \"Effect\": \"Allow\",\n      \"Principal\": {\n        \"AWS\": \"*\"\n      },\n      \"Action\": [\n        \"secretsmanager:GetSecretValue\",\n        \"secretsmanager:ListSecrets\"\n        ],\n      \"Resource\": \"*\"\n    }\n  ]\n}\n"},"secret_arn":{"references":["aws_secretsmanager_secret.secure_policy"]}},"schema_version":0,"raw_data":{"FileName":"main.tf","StartLine":5,"EndLine":27}}]}}}
