{"format_version":"0.1","terraform_version":"0.12.29","planned_values":{"root_module":{"resources":[{"address":"aws_cloudwatch_log_group.cloudrail-test","mode":"managed","type":"aws_cloudwatch_log_group","name":"cloudrail-test","provider_name":"aws","schema_version":0,"values":{"kms_key_id":"aws_kms_key.cw-log-group.arn","name_prefix":null,"retention_in_days":1,"tags":null}},{"address":"aws_kms_key.cw-log-group","mode":"managed","type":"aws_kms_key","name":"cw-log-group","provider_name":"aws","schema_version":0,"values":{"customer_master_key_spec":"SYMMETRIC_DEFAULT","deletion_window_in_days":7,"description":"KMS key for Cloudwath Log Group","enable_key_rotation":false,"is_enabled":true,"key_usage":"ENCRYPT_DECRYPT","policy":"{\n    \"Version\": \"2012-10-17\",\n    \"Id\": \"Key Policy\",\n    \"Statement\": [\n        {\n            \"Sid\": \"Enable IAM User Permissions\",\n            \"Effect\": \"Allow\",\n            \"Principal\": {\n                \"AWS\": [\n                    \"arn:aws:iam::data.aws_caller_identity.current.account_id:root\"\n                ]\n            },\n            \"Action\": \"kms:*\",\n            \"Resource\": \"*\"\n        },\n        {\n            \"Sid\": \"Allow Cloudwath Logs\",\n            \"Effect\": \"Allow\",\n            \"Principal\": {\n                \"Service\": \"logs.data.aws_region.current.name.amazonaws.com\"\n            },\n            \"Action\": [\n                \"kms:Encrypt*\",\n                \"kms:Decrypt*\",\n                \"kms:ReEncrypt*\",\n                \"kms:GenerateDataKey*\",\n                \"kms:Describe*\"\n            ],\n            \"Resource\": \"*\"\n        }\n    ]\n}\n","tags":null}},{"address":"data.aws_caller_identity.current","mode":"data","type":"aws_caller_identity","name":"current","provider_name":"aws","schema_version":0},{"address":"data.aws_region.current","mode":"data","type":"aws_region","name":"current","provider_name":"aws","schema_version":0}]}},"resource_changes":[{"address":"aws_cloudwatch_log_group.cloudrail-test","mode":"managed","type":"aws_cloudwatch_log_group","name":"cloudrail-test","provider_name":"aws","change":{"actions":["create"],"before":null,"after":{"kms_key_id":"aws_kms_key.cw-log-group.arn","name_prefix":null,"retention_in_days":1,"tags":null},"after_unknown":{"arn":true,"id":true,"name":true}}},{"address":"aws_kms_key.cw-log-group","mode":"managed","type":"aws_kms_key","name":"cw-log-group","provider_name":"aws","change":{"actions":["create"],"before":null,"after":{"customer_master_key_spec":"SYMMETRIC_DEFAULT","deletion_window_in_days":7,"description":"KMS key for Cloudwath Log Group","enable_key_rotation":false,"is_enabled":true,"key_usage":"ENCRYPT_DECRYPT","policy":"{\n    \"Version\": \"2012-10-17\",\n    \"Id\": \"Key Policy\",\n    \"Statement\": [\n        {\n            \"Sid\": \"Enable IAM User Permissions\",\n            \"Effect\": \"Allow\",\n            \"Principal\": {\n                \"AWS\": [\n                    \"arn:aws:iam::data.aws_caller_identity.current.account_id:root\"\n                ]\n            },\n            \"Action\": \"kms:*\",\n            \"Resource\": \"*\"\n        },\n        {\n            \"Sid\": \"Allow Cloudwath Logs\",\n            \"Effect\": \"Allow\",\n            \"Principal\": {\n                \"Service\": \"logs.data.aws_region.current.name.amazonaws.com\"\n            },\n            \"Action\": [\n                \"kms:Encrypt*\",\n                \"kms:Decrypt*\",\n                \"kms:ReEncrypt*\",\n                \"kms:GenerateDataKey*\",\n                \"kms:Describe*\"\n            ],\n            \"Resource\": \"*\"\n        }\n    ]\n}\n","tags":null},"after_unknown":{"arn":true,"id":true,"key_id":true}}},{"address":"data.aws_caller_identity.current","mode":"data","type":"aws_caller_identity","name":"current","provider_name":"aws","change":{"actions":["read"],"before":null,"after":{},"after_unknown":{"account_id":true,"arn":true,"id":true,"user_id":true}}},{"address":"data.aws_region.current","mode":"data","type":"aws_region","name":"current","provider_name":"aws","change":{"actions":["read"],"before":null,"after":{},"after_unknown":{"description":true,"endpoint":true,"id":true,"name":true}}}],"configuration":{"provider_config":{"aws":{"name":"aws","expressions":{"region":{"constant_value":"us-east-1"}}}},"root_module":{"resources":[{"address":"aws_cloudwatch_log_group.cloudrail-test","mode":"managed","type":"aws_cloudwatch_log_group","name":"cloudrail-test","provider_config_key":"aws","expressions":{"kms_key_id":{"references":["aws_kms_key.cw-log-group"]},"retention_in_days":{"constant_value":1}},"schema_version":0,"raw_data":{"FileName":"main.tf","StartLine":48,"EndLine":51}},{"address":"aws_kms_key.cw-log-group","mode":"managed","type":"aws_kms_key","name":"cw-log-group","provider_config_key":"aws","expressions":{"deletion_window_in_days":{"constant_value":7},"description":{"constant_value":"KMS key for Cloudwath Log Group"},"policy":{"references":["data.aws_caller_identity.current","data.aws_region.current"]}},"schema_version":0,"raw_data":{"FileName":"main.tf","StartLine":9,"EndLine":46}},{"address":"data.aws_caller_identity.current","mode":"data","type":"aws_caller_identity","name":"current","provider_config_key":"aws","schema_version":0,"raw_data":{"FileName":"main.tf","StartLine":5,"EndLine":5}},{"address":"data.aws_region.current","mode":"data","type":"aws_region","name":"current","provider_config_key":"aws","schema_version":0,"raw_data":{"FileName":"main.tf","StartLine":7,"EndLine":7}}]}}}
