{"format_version":"0.1","terraform_version":"0.13.4","planned_values":{"root_module":{"resources":[{"address":"aws_iam_group.group-1","mode":"managed","type":"aws_iam_group","name":"group-1","provider_name":"registry.terraform.io/hashicorp/aws","schema_version":0,"values":{"name":"group-1","path":"/"}},{"address":"aws_iam_policy.allow-policy","mode":"managed","type":"aws_iam_policy","name":"allow-policy","provider_name":"registry.terraform.io/hashicorp/aws","schema_version":0,"values":{"description":"un-attached policy","name":"allow-policy","name_prefix":null,"path":"/","policy":"{\n  \"Version\": \"2012-10-17\",\n  \"Statement\": [\n    {\n      \"Action\": [\n        \"iam:*\"\n      ],\n      \"Effect\": \"Allow\",\n      \"Resource\": \"*\"\n    }\n  ]\n}\n","tags":null}}]}},"resource_changes":[{"address":"aws_iam_group.group-1","mode":"managed","type":"aws_iam_group","name":"group-1","provider_name":"registry.terraform.io/hashicorp/aws","change":{"actions":["create"],"before":null,"after":{"name":"group-1","path":"/"},"after_unknown":{"arn":true,"id":true,"unique_id":true}}},{"address":"aws_iam_policy.allow-policy","mode":"managed","type":"aws_iam_policy","name":"allow-policy","provider_name":"registry.terraform.io/hashicorp/aws","change":{"actions":["create"],"before":null,"after":{"description":"un-attached policy","name":"allow-policy","name_prefix":null,"path":"/","policy":"{\n  \"Version\": \"2012-10-17\",\n  \"Statement\": [\n    {\n      \"Action\": [\n        \"iam:*\"\n      ],\n      \"Effect\": \"Allow\",\n      \"Resource\": \"*\"\n    }\n  ]\n}\n","tags":null},"after_unknown":{"arn":true,"id":true,"policy_id":true,"tags_all":true}}}],"configuration":{"provider_config":{"aws":{"name":"aws","expressions":{"region":{"constant_value":"us-east-1"}}}},"root_module":{"resources":[{"address":"aws_iam_group.group-1","mode":"managed","type":"aws_iam_group","name":"group-1","provider_config_key":"aws","expressions":{"name":{"constant_value":"group-1"},"path":{"constant_value":"/"}},"schema_version":0,"raw_data":{"FileName":"main.tf","StartLine":5,"EndLine":8}},{"address":"aws_iam_policy.allow-policy","mode":"managed","type":"aws_iam_policy","name":"allow-policy","provider_config_key":"aws","expressions":{"description":{"constant_value":"un-attached policy"},"name":{"constant_value":"allow-policy"},"policy":{"constant_value":"{\n  \"Version\": \"2012-10-17\",\n  \"Statement\": [\n    {\n      \"Action\": [\n        \"iam:*\"\n      ],\n      \"Effect\": \"Allow\",\n      \"Resource\": \"*\"\n    }\n  ]\n}\n"}},"schema_version":0,"raw_data":{"FileName":"main.tf","StartLine":10,"EndLine":29}}]}}}
