{"format_version":"0.1","terraform_version":"0.12.29","planned_values":{"root_module":{"resources":[{"address":"aws_kms_key.test","mode":"managed","type":"aws_kms_key","name":"test","provider_name":"aws","schema_version":0,"values":{"customer_master_key_spec":"SYMMETRIC_DEFAULT","deletion_window_in_days":7,"description":"KMS key for RDS","enable_key_rotation":false,"is_enabled":true,"key_usage":"ENCRYPT_DECRYPT","tags":null}},{"address":"aws_rds_cluster.test","mode":"managed","type":"aws_rds_cluster","name":"test","provider_name":"aws","schema_version":0,"values":{"allow_major_version_upgrade":null,"availability_zones":["us-east-1a","us-east-1b","us-east-1c"],"backtrack_window":null,"backup_retention_period":1,"cluster_identifier":"cloudrail-test-encrypted","copy_tags_to_snapshot":false,"database_name":"cloudrail","deletion_protection":null,"enable_http_endpoint":false,"enabled_cloudwatch_logs_exports":null,"engine":"aurora-mysql","engine_mode":"provisioned","engine_version":"5.7.mysql_aurora.2.04.2","final_snapshot_identifier":null,"global_cluster_identifier":null,"iam_database_authentication_enabled":null,"iam_roles":null,"master_password":"cloudrail-TEST-password","master_username":"administrator","replication_source_identifier":null,"restore_to_point_in_time":[],"s3_import":[],"scaling_configuration":[],"skip_final_snapshot":true,"snapshot_identifier":null,"source_region":null,"storage_encrypted":true,"tags":null,"timeouts":null}},{"address":"aws_rds_cluster_instance.test[0]","mode":"managed","type":"aws_rds_cluster_instance","name":"test","index":0,"provider_name":"aws","schema_version":0,"values":{"auto_minor_version_upgrade":true,"cluster_identifier":"aws_rds_cluster.test.id","copy_tags_to_snapshot":false,"engine":"aurora-mysql","engine_version":"5.7.mysql_aurora.2.04.2","identifier":"aurora-cluster-demo-0","instance_class":"db.r4.large","monitoring_interval":0,"performance_insights_enabled":true,"performance_insights_kms_key_id":"aws_kms_key.test.arn","promotion_tier":0,"publicly_accessible":false,"tags":null,"timeouts":null}},{"address":"aws_rds_cluster_instance.test[1]","mode":"managed","type":"aws_rds_cluster_instance","name":"test","index":1,"provider_name":"aws","schema_version":0,"values":{"auto_minor_version_upgrade":true,"cluster_identifier":"aws_rds_cluster.test.id","copy_tags_to_snapshot":false,"engine":"aurora-mysql","engine_version":"5.7.mysql_aurora.2.04.2","identifier":"aurora-cluster-demo-1","instance_class":"db.r4.large","monitoring_interval":0,"performance_insights_enabled":true,"performance_insights_kms_key_id":"aws_kms_key.test.arn","promotion_tier":0,"publicly_accessible":false,"tags":null,"timeouts":null}}]}},"resource_changes":[{"address":"aws_kms_key.test","mode":"managed","type":"aws_kms_key","name":"test","provider_name":"aws","change":{"actions":["create"],"before":null,"after":{"customer_master_key_spec":"SYMMETRIC_DEFAULT","deletion_window_in_days":7,"description":"KMS key for RDS","enable_key_rotation":false,"is_enabled":true,"key_usage":"ENCRYPT_DECRYPT","tags":null},"after_unknown":{"arn":true,"id":true,"key_id":true,"policy":true}}},{"address":"aws_rds_cluster.test","mode":"managed","type":"aws_rds_cluster","name":"test","provider_name":"aws","change":{"actions":["create"],"before":null,"after":{"allow_major_version_upgrade":null,"availability_zones":["us-east-1a","us-east-1b","us-east-1c"],"backtrack_window":null,"backup_retention_period":1,"cluster_identifier":"cloudrail-test-encrypted","copy_tags_to_snapshot":false,"database_name":"cloudrail","deletion_protection":null,"enable_http_endpoint":false,"enabled_cloudwatch_logs_exports":null,"engine":"aurora-mysql","engine_mode":"provisioned","engine_version":"5.7.mysql_aurora.2.04.2","final_snapshot_identifier":null,"global_cluster_identifier":null,"iam_database_authentication_enabled":null,"iam_roles":null,"master_password":"cloudrail-TEST-password","master_username":"administrator","replication_source_identifier":null,"restore_to_point_in_time":[],"s3_import":[],"scaling_configuration":[],"skip_final_snapshot":true,"snapshot_identifier":null,"source_region":null,"storage_encrypted":true,"tags":null,"timeouts":null},"after_unknown":{"apply_immediately":true,"arn":true,"availability_zones":[false,false,false],"cluster_identifier_prefix":true,"cluster_members":true,"cluster_resource_id":true,"db_cluster_parameter_group_name":true,"db_subnet_group_name":true,"endpoint":true,"hosted_zone_id":true,"id":true,"kms_key_id":true,"port":true,"preferred_backup_window":true,"preferred_maintenance_window":true,"reader_endpoint":true,"restore_to_point_in_time":[],"s3_import":[],"scaling_configuration":[],"vpc_security_group_ids":true}}},{"address":"aws_rds_cluster_instance.test[0]","mode":"managed","type":"aws_rds_cluster_instance","name":"test","index":0,"provider_name":"aws","change":{"actions":["create"],"before":null,"after":{"auto_minor_version_upgrade":true,"cluster_identifier":"aws_rds_cluster.test.id","copy_tags_to_snapshot":false,"engine":"aurora-mysql","engine_version":"5.7.mysql_aurora.2.04.2","identifier":"aurora-cluster-demo-0","instance_class":"db.r4.large","monitoring_interval":0,"performance_insights_enabled":true,"performance_insights_kms_key_id":"aws_kms_key.test.arn","promotion_tier":0,"publicly_accessible":false,"tags":null,"timeouts":null},"after_unknown":{"apply_immediately":true,"arn":true,"availability_zone":true,"ca_cert_identifier":true,"db_parameter_group_name":true,"db_subnet_group_name":true,"dbi_resource_id":true,"endpoint":true,"id":true,"identifier_prefix":true,"kms_key_id":true,"monitoring_role_arn":true,"port":true,"preferred_backup_window":true,"preferred_maintenance_window":true,"storage_encrypted":true,"writer":true}}},{"address":"aws_rds_cluster_instance.test[1]","mode":"managed","type":"aws_rds_cluster_instance","name":"test","index":1,"provider_name":"aws","change":{"actions":["create"],"before":null,"after":{"auto_minor_version_upgrade":true,"cluster_identifier":"aws_rds_cluster.test.id","copy_tags_to_snapshot":false,"engine":"aurora-mysql","engine_version":"5.7.mysql_aurora.2.04.2","identifier":"aurora-cluster-demo-1","instance_class":"db.r4.large","monitoring_interval":0,"performance_insights_enabled":true,"performance_insights_kms_key_id":"aws_kms_key.test.arn","promotion_tier":0,"publicly_accessible":false,"tags":null,"timeouts":null},"after_unknown":{"apply_immediately":true,"arn":true,"availability_zone":true,"ca_cert_identifier":true,"db_parameter_group_name":true,"db_subnet_group_name":true,"dbi_resource_id":true,"endpoint":true,"id":true,"identifier_prefix":true,"kms_key_id":true,"monitoring_role_arn":true,"port":true,"preferred_backup_window":true,"preferred_maintenance_window":true,"storage_encrypted":true,"writer":true}}}],"configuration":{"provider_config":{"aws":{"name":"aws","expressions":{"region":{"constant_value":"us-east-1"}}}},"root_module":{"resources":[{"address":"aws_kms_key.test","mode":"managed","type":"aws_kms_key","name":"test","provider_config_key":"aws","expressions":{"deletion_window_in_days":{"constant_value":7},"description":{"constant_value":"KMS key for RDS"}},"schema_version":0,"raw_data":{"FileName":"main.tf","StartLine":5,"EndLine":8}},{"address":"aws_rds_cluster.test","mode":"managed","type":"aws_rds_cluster","name":"test","provider_config_key":"aws","expressions":{"availability_zones":{"constant_value":["us-east-1a","us-east-1b","us-east-1c"]},"cluster_identifier":{"constant_value":"cloudrail-test-encrypted"},"database_name":{"constant_value":"cloudrail"},"engine":{"constant_value":"aurora-mysql"},"engine_version":{"constant_value":"5.7.mysql_aurora.2.04.2"},"master_password":{"constant_value":"cloudrail-TEST-password"},"master_username":{"constant_value":"administrator"},"skip_final_snapshot":{"constant_value":true},"storage_encrypted":{"constant_value":true}},"schema_version":0,"raw_data":{"FileName":"main.tf","StartLine":10,"EndLine":20}},{"address":"aws_rds_cluster_instance.test","mode":"managed","type":"aws_rds_cluster_instance","name":"test","provider_config_key":"aws","expressions":{"cluster_identifier":{"references":["aws_rds_cluster.test"]},"engine":{"references":["aws_rds_cluster.test"]},"engine_version":{"references":["aws_rds_cluster.test"]},"identifier":{"references":["count.index"]},"instance_class":{"constant_value":"db.r4.large"},"performance_insights_enabled":{"constant_value":true},"performance_insights_kms_key_id":{"references":["aws_kms_key.test"]}},"schema_version":0,"count_expression":{"constant_value":2},"raw_data":{"FileName":"main.tf","StartLine":22,"EndLine":31}}]}}}
