{"format_version":"0.1","terraform_version":"0.14.6","planned_values":{"root_module":{"resources":[{"address":"azurerm_resource_group.rg","mode":"managed","type":"azurerm_resource_group","name":"rg","provider_name":"registry.terraform.io/hashicorp/azurerm","schema_version":0,"values":{"location":"westeurope","name":"cr2505-RG","tags":null,"timeouts":null}},{"address":"azurerm_sql_server.sql","mode":"managed","type":"azurerm_sql_server","name":"sql","provider_name":"registry.terraform.io/hashicorp/azurerm","schema_version":0,"values":{"administrator_login":"4dm1n157r470r","administrator_login_password":"4-v3ry-53cr37-p455w0rd","connection_policy":"Default","identity":[],"location":"westeurope","name":"cr2505-sqlserver","resource_group_name":"cr2505-RG","tags":null,"timeouts":null,"version":"12.0"}}]}},"resource_changes":[{"address":"azurerm_resource_group.rg","mode":"managed","type":"azurerm_resource_group","name":"rg","provider_name":"registry.terraform.io/hashicorp/azurerm","change":{"actions":["create"],"before":null,"after":{"location":"westeurope","name":"cr2505-RG","tags":null,"timeouts":null},"after_unknown":{"id":true}}},{"address":"azurerm_sql_server.sql","mode":"managed","type":"azurerm_sql_server","name":"sql","provider_name":"registry.terraform.io/hashicorp/azurerm","change":{"actions":["create"],"before":null,"after":{"administrator_login":"4dm1n157r470r","administrator_login_password":"4-v3ry-53cr37-p455w0rd","connection_policy":"Default","identity":[],"location":"westeurope","name":"cr2505-sqlserver","resource_group_name":"cr2505-RG","tags":null,"timeouts":null,"version":"12.0"},"after_unknown":{"extended_auditing_policy":true,"fully_qualified_domain_name":true,"id":true,"identity":[],"threat_detection_policy":true}}}],"configuration":{"provider_config":{"azurerm":{"name":"azurerm","expressions":{"features":[{}]}}},"root_module":{"resources":[{"address":"azurerm_resource_group.rg","mode":"managed","type":"azurerm_resource_group","name":"rg","provider_config_key":"azurerm","expressions":{"location":{"constant_value":"West Europe"},"name":{"references":["local.resource_prefix"]}},"schema_version":0,"raw_data":{"FileName":"main.tf","StartLine":10,"EndLine":13}},{"address":"azurerm_sql_server.sql","mode":"managed","type":"azurerm_sql_server","name":"sql","provider_config_key":"azurerm","expressions":{"administrator_login":{"constant_value":"4dm1n157r470r"},"administrator_login_password":{"constant_value":"4-v3ry-53cr37-p455w0rd"},"location":{"references":["azurerm_resource_group.rg"]},"name":{"references":["local.resource_prefix"]},"resource_group_name":{"references":["azurerm_resource_group.rg"]},"version":{"constant_value":"12.0"}},"schema_version":0,"raw_data":{"FileName":"main.tf","StartLine":15,"EndLine":22}}]}}}
