{"format_version":"0.1","terraform_version":"0.13.4","planned_values":{"root_module":{"resources":[{"address":"aws_default_route_table.default_route_table","mode":"managed","type":"aws_default_route_table","name":"default_route_table","provider_name":"registry.terraform.io/hashicorp/aws","schema_version":0,"values":{"default_route_table_id":"aws_vpc.test-vpc.default_route_table_id","propagating_vgws":null,"route":[{"cidr_block":"0.0.0.0/0","destination_prefix_list_id":null,"egress_only_gateway_id":null,"gateway_id":"aws_internet_gateway.igw.id","instance_id":null,"ipv6_cidr_block":null,"nat_gateway_id":null,"network_interface_id":null,"transit_gateway_id":null,"vpc_endpoint_id":null,"vpc_peering_connection_id":null}],"tags":{"Name":"default table"},"tags_all":{"Name":"default table"}}},{"address":"aws_iam_role.lambda-role","mode":"managed","type":"aws_iam_role","name":"lambda-role","provider_name":"registry.terraform.io/hashicorp/aws","schema_version":0,"values":{"assume_role_policy":"{\n  \"Version\": \"2012-10-17\",\n  \"Statement\": [\n    {\n      \"Action\": \"sts:AssumeRole\",\n      \"Principal\": {\n        \"Service\": \"lambda.amazonaws.com\"\n      },\n      \"Effect\": \"Allow\",\n      \"Sid\": \"\"\n    }\n  ]\n}\n","description":null,"force_detach_policies":false,"inline_policy":[],"max_session_duration":3600,"name":"lambda-role","name_prefix":null,"path":"/","permissions_boundary":null,"tags":null}},{"address":"aws_instance.ec2-web-server","mode":"managed","type":"aws_instance","name":"ec2-web-server","provider_name":"registry.terraform.io/hashicorp/aws","schema_version":1,"values":{"ami":"ami-0dd76f917833aac4b","capacity_reservation_specification":[],"credit_specification":[],"disable_api_termination":null,"ebs_block_device":[],"ebs_optimized":null,"enclave_options":[],"ephemeral_block_device":[],"get_password_data":false,"hibernation":null,"iam_instance_profile":null,"instance_type":"t3.micro","metadata_options":[],"monitoring":null,"network_interface":[],"root_block_device":[],"source_dest_check":true,"subnet_id":"aws_subnet.private-subnet.id","tags":{"Name":"ec2-web-server"},"tags_all":{"Name":"ec2-web-server"},"timeouts":null,"user_data":null,"user_data_base64":null,"volume_tags":null,"vpc_security_group_ids":["aws_security_group.https-sg.id"]}},{"address":"aws_internet_gateway.igw","mode":"managed","type":"aws_internet_gateway","name":"igw","provider_name":"registry.terraform.io/hashicorp/aws","schema_version":0,"values":{"tags":null,"vpc_id":"aws_vpc.test-vpc.id"}},{"address":"aws_lambda_function.my-lambda","mode":"managed","type":"aws_lambda_function","name":"my-lambda","provider_name":"registry.terraform.io/hashicorp/aws","schema_version":0,"values":{"code_signing_config_arn":null,"dead_letter_config":[],"description":null,"environment":[],"file_system_config":[],"filename":"./example_lambda_code/golang-example.zip","function_name":"my-lambda","handler":"main","image_config":[],"image_uri":null,"kms_key_arn":null,"layers":null,"memory_size":128,"package_type":"Zip","publish":false,"reserved_concurrent_executions":-1,"role":"aws_iam_role.lambda-role.arn","runtime":"go1.x","s3_bucket":null,"s3_key":null,"s3_object_version":null,"source_code_hash":"N8cOnlh/GzouNkWmDllnQED+pF6+Otrg/teFT5mlST4=","tags":null,"timeout":3,"timeouts":null,"tracing_config":[],"vpc_config":[]}},{"address":"aws_network_acl.private-subnet-nacl","mode":"managed","type":"aws_network_acl","name":"private-subnet-nacl","provider_name":"registry.terraform.io/hashicorp/aws","schema_version":0,"values":{"subnet_ids":["aws_subnet.private-subnet.id"],"tags":null,"vpc_id":"aws_vpc.test-vpc.id"}},{"address":"aws_network_acl_rule.inbound-rule","mode":"managed","type":"aws_network_acl_rule","name":"inbound-rule","provider_name":"registry.terraform.io/hashicorp/aws","schema_version":0,"values":{"cidr_block":"192.168.100.128/25","egress":false,"from_port":443,"icmp_code":null,"icmp_type":null,"ipv6_cidr_block":null,"network_acl_id":"aws_network_acl.private-subnet-nacl.id","protocol":"tcp","rule_action":"allow","rule_number":100,"to_port":443}},{"address":"aws_network_acl_rule.outbound-rule","mode":"managed","type":"aws_network_acl_rule","name":"outbound-rule","provider_name":"registry.terraform.io/hashicorp/aws","schema_version":0,"values":{"cidr_block":"0.0.0.0/0","egress":true,"from_port":0,"icmp_code":null,"icmp_type":null,"ipv6_cidr_block":null,"network_acl_id":"aws_network_acl.private-subnet-nacl.id","protocol":"-1","rule_action":"allow","rule_number":100,"to_port":0}},{"address":"aws_security_group.https-sg","mode":"managed","type":"aws_security_group","name":"https-sg","provider_name":"registry.terraform.io/hashicorp/aws","schema_version":1,"values":{"description":"Managed by Terraform","egress":[{"cidr_blocks":["0.0.0.0/0"],"description":null,"from_port":0,"ipv6_cidr_blocks":null,"prefix_list_ids":null,"protocol":"-1","security_groups":null,"self":null,"to_port":0}],"ingress":[{"cidr_blocks":["192.168.100.128/25"],"description":"https","from_port":443,"ipv6_cidr_blocks":null,"prefix_list_ids":null,"protocol":"tcp","security_groups":null,"self":null,"to_port":443}],"name":"https-sg","revoke_rules_on_delete":false,"tags":null,"timeouts":null,"vpc_id":"aws_vpc.test-vpc.id"}},{"address":"aws_subnet.private-subnet","mode":"managed","type":"aws_subnet","name":"private-subnet","provider_name":"registry.terraform.io/hashicorp/aws","schema_version":1,"values":{"assign_ipv6_address_on_creation":false,"availability_zone":"us-east-1b","cidr_block":"192.168.100.128/25","customer_owned_ipv4_pool":null,"ipv6_cidr_block":null,"map_customer_owned_ip_on_launch":null,"map_public_ip_on_launch":false,"outpost_arn":null,"tags":null,"timeouts":null,"vpc_id":"aws_vpc.test-vpc.id"}},{"address":"aws_vpc.test-vpc","mode":"managed","type":"aws_vpc","name":"test-vpc","provider_name":"registry.terraform.io/hashicorp/aws","schema_version":1,"values":{"assign_generated_ipv6_cidr_block":false,"cidr_block":"192.168.100.128/25","enable_dns_hostnames":true,"enable_dns_support":true,"instance_tenancy":"default","tags":null}},{"address":"aws_vpc_endpoint.lambda-vpce","mode":"managed","type":"aws_vpc_endpoint","name":"lambda-vpce","provider_name":"registry.terraform.io/hashicorp/aws","schema_version":0,"values":{"auto_accept":null,"private_dns_enabled":true,"security_group_ids":["aws_security_group.https-sg.id"],"service_name":"com.amazonaws.us-east-1.lambda","subnet_ids":["aws_subnet.private-subnet.id"],"tags":null,"timeouts":null,"vpc_endpoint_type":"Interface","vpc_id":"aws_vpc.test-vpc.id"}}]}},"resource_changes":[{"address":"aws_default_route_table.default_route_table","mode":"managed","type":"aws_default_route_table","name":"default_route_table","provider_name":"registry.terraform.io/hashicorp/aws","change":{"actions":["create"],"before":null,"after":{"default_route_table_id":"aws_vpc.test-vpc.default_route_table_id","propagating_vgws":null,"route":[{"cidr_block":"0.0.0.0/0","destination_prefix_list_id":null,"egress_only_gateway_id":null,"gateway_id":"aws_internet_gateway.igw.id","instance_id":null,"ipv6_cidr_block":null,"nat_gateway_id":null,"network_interface_id":null,"transit_gateway_id":null,"vpc_endpoint_id":null,"vpc_peering_connection_id":null}],"tags":{"Name":"default table"},"tags_all":{"Name":"default table"}},"after_unknown":{"arn":true,"id":true,"owner_id":true,"route":[{}],"tags":{},"tags_all":{},"vpc_id":true}}},{"address":"aws_iam_role.lambda-role","mode":"managed","type":"aws_iam_role","name":"lambda-role","provider_name":"registry.terraform.io/hashicorp/aws","change":{"actions":["create"],"before":null,"after":{"assume_role_policy":"{\n  \"Version\": \"2012-10-17\",\n  \"Statement\": [\n    {\n      \"Action\": \"sts:AssumeRole\",\n      \"Principal\": {\n        \"Service\": \"lambda.amazonaws.com\"\n      },\n      \"Effect\": \"Allow\",\n      \"Sid\": \"\"\n    }\n  ]\n}\n","description":null,"force_detach_policies":false,"inline_policy":[],"max_session_duration":3600,"name":"lambda-role","name_prefix":null,"path":"/","permissions_boundary":null,"tags":null},"after_unknown":{"arn":true,"create_date":true,"id":true,"inline_policy":[],"managed_policy_arns":true,"tags_all":true,"unique_id":true}}},{"address":"aws_instance.ec2-web-server","mode":"managed","type":"aws_instance","name":"ec2-web-server","provider_name":"registry.terraform.io/hashicorp/aws","change":{"actions":["create"],"before":null,"after":{"ami":"ami-0dd76f917833aac4b","capacity_reservation_specification":[],"credit_specification":[],"disable_api_termination":null,"ebs_block_device":[],"ebs_optimized":null,"enclave_options":[],"ephemeral_block_device":[],"get_password_data":false,"hibernation":null,"iam_instance_profile":null,"instance_type":"t3.micro","metadata_options":[],"monitoring":null,"network_interface":[],"root_block_device":[],"source_dest_check":true,"subnet_id":"aws_subnet.private-subnet.id","tags":{"Name":"ec2-web-server"},"tags_all":{"Name":"ec2-web-server"},"timeouts":null,"user_data":null,"user_data_base64":null,"volume_tags":null,"vpc_security_group_ids":["aws_security_group.https-sg.id"]},"after_unknown":{"arn":true,"associate_public_ip_address":true,"availability_zone":true,"capacity_reservation_specification":[],"cpu_core_count":true,"cpu_threads_per_core":true,"credit_specification":[],"ebs_block_device":[],"enclave_options":[],"ephemeral_block_device":[],"host_id":true,"id":true,"instance_initiated_shutdown_behavior":true,"instance_state":true,"ipv6_address_count":true,"ipv6_addresses":true,"key_name":true,"metadata_options":[],"network_interface":[],"outpost_arn":true,"password_data":true,"placement_group":true,"primary_network_interface_id":true,"private_dns":true,"private_ip":true,"public_dns":true,"public_ip":true,"root_block_device":[],"secondary_private_ips":true,"security_groups":true,"tags":{},"tags_all":{},"tenancy":true,"vpc_security_group_ids":[false]}}},{"address":"aws_internet_gateway.igw","mode":"managed","type":"aws_internet_gateway","name":"igw","provider_name":"registry.terraform.io/hashicorp/aws","change":{"actions":["create"],"before":null,"after":{"tags":null,"vpc_id":"aws_vpc.test-vpc.id"},"after_unknown":{"arn":true,"id":true,"owner_id":true,"tags_all":true}}},{"address":"aws_lambda_function.my-lambda","mode":"managed","type":"aws_lambda_function","name":"my-lambda","provider_name":"registry.terraform.io/hashicorp/aws","change":{"actions":["create"],"before":null,"after":{"code_signing_config_arn":null,"dead_letter_config":[],"description":null,"environment":[],"file_system_config":[],"filename":"./example_lambda_code/golang-example.zip","function_name":"my-lambda","handler":"main","image_config":[],"image_uri":null,"kms_key_arn":null,"layers":null,"memory_size":128,"package_type":"Zip","publish":false,"reserved_concurrent_executions":-1,"role":"aws_iam_role.lambda-role.arn","runtime":"go1.x","s3_bucket":null,"s3_key":null,"s3_object_version":null,"source_code_hash":"N8cOnlh/GzouNkWmDllnQED+pF6+Otrg/teFT5mlST4=","tags":null,"timeout":3,"timeouts":null,"tracing_config":[],"vpc_config":[]},"after_unknown":{"arn":true,"dead_letter_config":[],"environment":[],"file_system_config":[],"id":true,"image_config":[],"invoke_arn":true,"last_modified":true,"qualified_arn":true,"signing_job_arn":true,"signing_profile_version_arn":true,"source_code_size":true,"tags_all":true,"tracing_config":[],"version":true,"vpc_config":[]}}},{"address":"aws_network_acl.private-subnet-nacl","mode":"managed","type":"aws_network_acl","name":"private-subnet-nacl","provider_name":"registry.terraform.io/hashicorp/aws","change":{"actions":["create"],"before":null,"after":{"subnet_ids":["aws_subnet.private-subnet.id"],"tags":null,"vpc_id":"aws_vpc.test-vpc.id"},"after_unknown":{"arn":true,"egress":true,"id":true,"ingress":true,"owner_id":true,"subnet_ids":[false],"tags_all":true}}},{"address":"aws_network_acl_rule.inbound-rule","mode":"managed","type":"aws_network_acl_rule","name":"inbound-rule","provider_name":"registry.terraform.io/hashicorp/aws","change":{"actions":["create"],"before":null,"after":{"cidr_block":"192.168.100.128/25","egress":false,"from_port":443,"icmp_code":null,"icmp_type":null,"ipv6_cidr_block":null,"network_acl_id":"aws_network_acl.private-subnet-nacl.id","protocol":"tcp","rule_action":"allow","rule_number":100,"to_port":443},"after_unknown":{"id":true}}},{"address":"aws_network_acl_rule.outbound-rule","mode":"managed","type":"aws_network_acl_rule","name":"outbound-rule","provider_name":"registry.terraform.io/hashicorp/aws","change":{"actions":["create"],"before":null,"after":{"cidr_block":"0.0.0.0/0","egress":true,"from_port":0,"icmp_code":null,"icmp_type":null,"ipv6_cidr_block":null,"network_acl_id":"aws_network_acl.private-subnet-nacl.id","protocol":"-1","rule_action":"allow","rule_number":100,"to_port":0},"after_unknown":{"id":true}}},{"address":"aws_security_group.https-sg","mode":"managed","type":"aws_security_group","name":"https-sg","provider_name":"registry.terraform.io/hashicorp/aws","change":{"actions":["create"],"before":null,"after":{"description":"Managed by Terraform","egress":[{"cidr_blocks":["0.0.0.0/0"],"description":null,"from_port":0,"ipv6_cidr_blocks":null,"prefix_list_ids":null,"protocol":"-1","security_groups":null,"self":null,"to_port":0}],"ingress":[{"cidr_blocks":["192.168.100.128/25"],"description":"https","from_port":443,"ipv6_cidr_blocks":null,"prefix_list_ids":null,"protocol":"tcp","security_groups":null,"self":null,"to_port":443}],"name":"https-sg","revoke_rules_on_delete":false,"tags":null,"timeouts":null,"vpc_id":"aws_vpc.test-vpc.id"},"after_unknown":{"arn":true,"egress":[{"cidr_blocks":[false]}],"id":true,"ingress":[{"cidr_blocks":[false]}],"name_prefix":true,"owner_id":true,"tags_all":true}}},{"address":"aws_subnet.private-subnet","mode":"managed","type":"aws_subnet","name":"private-subnet","provider_name":"registry.terraform.io/hashicorp/aws","change":{"actions":["create"],"before":null,"after":{"assign_ipv6_address_on_creation":false,"availability_zone":"us-east-1b","cidr_block":"192.168.100.128/25","customer_owned_ipv4_pool":null,"ipv6_cidr_block":null,"map_customer_owned_ip_on_launch":null,"map_public_ip_on_launch":false,"outpost_arn":null,"tags":null,"timeouts":null,"vpc_id":"aws_vpc.test-vpc.id"},"after_unknown":{"arn":true,"availability_zone_id":true,"id":true,"ipv6_cidr_block_association_id":true,"owner_id":true,"tags_all":true}}},{"address":"aws_vpc.test-vpc","mode":"managed","type":"aws_vpc","name":"test-vpc","provider_name":"registry.terraform.io/hashicorp/aws","change":{"actions":["create"],"before":null,"after":{"assign_generated_ipv6_cidr_block":false,"cidr_block":"192.168.100.128/25","enable_dns_hostnames":true,"enable_dns_support":true,"instance_tenancy":"default","tags":null},"after_unknown":{"arn":true,"default_network_acl_id":true,"default_route_table_id":true,"default_security_group_id":true,"dhcp_options_id":true,"enable_classiclink":true,"enable_classiclink_dns_support":true,"id":true,"ipv6_association_id":true,"ipv6_cidr_block":true,"main_route_table_id":true,"owner_id":true,"tags_all":true}}},{"address":"aws_vpc_endpoint.lambda-vpce","mode":"managed","type":"aws_vpc_endpoint","name":"lambda-vpce","provider_name":"registry.terraform.io/hashicorp/aws","change":{"actions":["create"],"before":null,"after":{"auto_accept":null,"private_dns_enabled":true,"security_group_ids":["aws_security_group.https-sg.id"],"service_name":"com.amazonaws.us-east-1.lambda","subnet_ids":["aws_subnet.private-subnet.id"],"tags":null,"timeouts":null,"vpc_endpoint_type":"Interface","vpc_id":"aws_vpc.test-vpc.id"},"after_unknown":{"arn":true,"cidr_blocks":true,"dns_entry":true,"id":true,"network_interface_ids":true,"owner_id":true,"policy":true,"prefix_list_id":true,"requester_managed":true,"route_table_ids":true,"security_group_ids":[false],"state":true,"subnet_ids":[false],"tags_all":true}}}],"prior_state":{"format_version":"0.1","terraform_version":"0.13.4","values":{"root_module":{"resources":[{"address":"data.aws_ami.ubuntu","mode":"data","type":"aws_ami","name":"ubuntu","provider_name":"registry.terraform.io/hashicorp/aws","schema_version":0,"values":{"architecture":"x86_64","arn":"arn:aws:ec2:us-east-1::image/ami-0dd76f917833aac4b","block_device_mappings":[{"device_name":"/dev/sda1","ebs":{"delete_on_termination":"true","encrypted":"false","iops":"0","snapshot_id":"snap-0575f9666981a797f","throughput":"0","volume_size":"8","volume_type":"gp2"},"no_device":"","virtual_name":""},{"device_name":"/dev/sdb","ebs":{},"no_device":"","virtual_name":"ephemeral0"},{"device_name":"/dev/sdc","ebs":{},"no_device":"","virtual_name":"ephemeral1"}],"creation_date":"2021-06-22T20:54:40.000Z","description":"Canonical, Ubuntu, 20.04 LTS, amd64 focal image build on 2021-06-21","ena_support":true,"executable_users":null,"filter":[{"name":"name","values":["ubuntu/images/hvm-ssd/ubuntu-focal-20.04-amd64-server-*"]},{"name":"virtualization-type","values":["hvm"]}],"hypervisor":"xen","id":"ami-0dd76f917833aac4b","image_id":"ami-0dd76f917833aac4b","image_location":"099720109477/ubuntu/images/hvm-ssd/ubuntu-focal-20.04-amd64-server-20210621","image_owner_alias":null,"image_type":"machine","kernel_id":null,"most_recent":true,"name":"ubuntu/images/hvm-ssd/ubuntu-focal-20.04-amd64-server-20210621","name_regex":null,"owner_id":"099720109477","owners":["099720109477"],"platform":null,"platform_details":"Linux/UNIX","product_codes":[],"public":true,"ramdisk_id":null,"root_device_name":"/dev/sda1","root_device_type":"ebs","root_snapshot_id":"snap-0575f9666981a797f","sriov_net_support":"simple","state":"available","state_reason":{"code":"UNSET","message":"UNSET"},"tags":{},"usage_operation":"RunInstances","virtualization_type":"hvm"}}]}}},"configuration":{"provider_config":{"aws":{"name":"aws","expressions":{"region":{"constant_value":"us-east-1"}}}},"root_module":{"resources":[{"address":"aws_default_route_table.default_route_table","mode":"managed","type":"aws_default_route_table","name":"default_route_table","provider_config_key":"aws","expressions":{"default_route_table_id":{"references":["aws_vpc.test-vpc"]},"tags":{"constant_value":{"Name":"default table"}}},"schema_version":0,"raw_data":{"FileName":"main.tf","StartLine":20,"EndLine":30}},{"address":"aws_iam_role.lambda-role","mode":"managed","type":"aws_iam_role","name":"lambda-role","provider_config_key":"aws","expressions":{"assume_role_policy":{"constant_value":"{\n  \"Version\": \"2012-10-17\",\n  \"Statement\": [\n    {\n      \"Action\": \"sts:AssumeRole\",\n      \"Principal\": {\n        \"Service\": \"lambda.amazonaws.com\"\n      },\n      \"Effect\": \"Allow\",\n      \"Sid\": \"\"\n    }\n  ]\n}\n"},"name":{"constant_value":"lambda-role"}},"schema_version":0,"raw_data":{"FileName":"main.tf","StartLine":103,"EndLine":121}},{"address":"aws_instance.ec2-web-server","mode":"managed","type":"aws_instance","name":"ec2-web-server","provider_config_key":"aws","expressions":{"ami":{"references":["data.aws_ami.ubuntu"]},"instance_type":{"constant_value":"t3.micro"},"subnet_id":{"references":["aws_subnet.private-subnet"]},"tags":{"constant_value":{"Name":"ec2-web-server"}},"vpc_security_group_ids":{"references":["aws_security_group.https-sg"]}},"schema_version":1,"raw_data":{"FileName":"main.tf","StartLine":123,"EndLine":131}},{"address":"aws_internet_gateway.igw","mode":"managed","type":"aws_internet_gateway","name":"igw","provider_config_key":"aws","expressions":{"vpc_id":{"references":["aws_vpc.test-vpc"]}},"schema_version":0,"raw_data":{"FileName":"main.tf","StartLine":16,"EndLine":18}},{"address":"aws_lambda_function.my-lambda","mode":"managed","type":"aws_lambda_function","name":"my-lambda","provider_config_key":"aws","expressions":{"filename":{"references":["path.module"]},"function_name":{"constant_value":"my-lambda"},"handler":{"constant_value":"main"},"role":{"references":["aws_iam_role.lambda-role"]},"runtime":{"constant_value":"go1.x"},"source_code_hash":{"references":["path.module"]}},"schema_version":0,"raw_data":{"FileName":"main.tf","StartLine":94,"EndLine":101}},{"address":"aws_network_acl.private-subnet-nacl","mode":"managed","type":"aws_network_acl","name":"private-subnet-nacl","provider_config_key":"aws","expressions":{"subnet_ids":{"references":["aws_subnet.private-subnet"]},"vpc_id":{"references":["aws_vpc.test-vpc"]}},"schema_version":0,"raw_data":{"FileName":"main.tf","StartLine":47,"EndLine":50}},{"address":"aws_network_acl_rule.inbound-rule","mode":"managed","type":"aws_network_acl_rule","name":"inbound-rule","provider_config_key":"aws","expressions":{"cidr_block":{"references":["local.cidr_block"]},"egress":{"constant_value":false},"from_port":{"references":["local.https_port"]},"network_acl_id":{"references":["aws_network_acl.private-subnet-nacl"]},"protocol":{"constant_value":"tcp"},"rule_action":{"constant_value":"allow"},"rule_number":{"constant_value":100},"to_port":{"references":["local.https_port"]}},"schema_version":0,"raw_data":{"FileName":"main.tf","StartLine":52,"EndLine":61}},{"address":"aws_network_acl_rule.outbound-rule","mode":"managed","type":"aws_network_acl_rule","name":"outbound-rule","provider_config_key":"aws","expressions":{"cidr_block":{"references":["local.zero_cidr_block"]},"egress":{"constant_value":true},"from_port":{"constant_value":0},"network_acl_id":{"references":["aws_network_acl.private-subnet-nacl"]},"protocol":{"constant_value":-1},"rule_action":{"constant_value":"allow"},"rule_number":{"constant_value":100},"to_port":{"constant_value":0}},"schema_version":0,"raw_data":{"FileName":"main.tf","StartLine":63,"EndLine":72}},{"address":"aws_security_group.https-sg","mode":"managed","type":"aws_security_group","name":"https-sg","provider_config_key":"aws","expressions":{"name":{"constant_value":"https-sg"},"vpc_id":{"references":["aws_vpc.test-vpc"]}},"schema_version":1,"raw_data":{"FileName":"main.tf","StartLine":74,"EndLine":93}},{"address":"aws_subnet.private-subnet","mode":"managed","type":"aws_subnet","name":"private-subnet","provider_config_key":"aws","expressions":{"availability_zone":{"references":["local.region"]},"cidr_block":{"references":["local.cidr_block"]},"vpc_id":{"references":["aws_vpc.test-vpc"]}},"schema_version":1,"raw_data":{"FileName":"main.tf","StartLine":41,"EndLine":45}},{"address":"aws_vpc.test-vpc","mode":"managed","type":"aws_vpc","name":"test-vpc","provider_config_key":"aws","expressions":{"cidr_block":{"references":["local.cidr_block"]},"enable_dns_hostnames":{"constant_value":true},"enable_dns_support":{"constant_value":true}},"schema_version":1,"raw_data":{"FileName":"main.tf","StartLine":10,"EndLine":14}},{"address":"aws_vpc_endpoint.lambda-vpce","mode":"managed","type":"aws_vpc_endpoint","name":"lambda-vpce","provider_config_key":"aws","expressions":{"private_dns_enabled":{"constant_value":true},"security_group_ids":{"references":["aws_security_group.https-sg"]},"service_name":{"references":["local.region"]},"subnet_ids":{"references":["aws_subnet.private-subnet"]},"vpc_endpoint_type":{"constant_value":"Interface"},"vpc_id":{"references":["aws_vpc.test-vpc"]}},"schema_version":0,"raw_data":{"FileName":"main.tf","StartLine":32,"EndLine":39}},{"address":"data.aws_ami.ubuntu","mode":"data","type":"aws_ami","name":"ubuntu","provider_config_key":"aws","expressions":{"filter":[{"name":{"constant_value":"name"},"values":{"constant_value":["ubuntu/images/hvm-ssd/ubuntu-focal-20.04-amd64-server-*"]}},{"name":{"constant_value":"virtualization-type"},"values":{"constant_value":["hvm"]}}],"most_recent":{"constant_value":true},"owners":{"constant_value":["099720109477"]}},"schema_version":0,"raw_data":{"FileName":"main.tf","StartLine":133,"EndLine":147}}]}}}
