{"format_version":"0.1","terraform_version":"0.12.29","planned_values":{"root_module":{"resources":[{"address":"aws_glue_catalog_database.cloudrail_table_database","mode":"managed","type":"aws_glue_catalog_database","name":"cloudrail_table_database","provider_name":"aws","schema_version":0,"values":{"description":null,"location_uri":null,"name":"cloudrail_table_database","parameters":null}},{"address":"aws_glue_catalog_table.cloudrail_table","mode":"managed","type":"aws_glue_catalog_table","name":"cloudrail_table","provider_name":"aws","schema_version":0,"values":{"database_name":"cloudrail_table_database","description":null,"name":"cloudrail_table","owner":null,"parameters":null,"partition_index":[],"partition_keys":[],"retention":null,"storage_descriptor":[],"table_type":null,"view_expanded_text":null,"view_original_text":null}},{"address":"aws_glue_crawler.cloudrail_table_crawler","mode":"managed","type":"aws_glue_crawler","name":"cloudrail_table_crawler","provider_name":"aws","schema_version":0,"values":{"catalog_target":[],"classifiers":null,"configuration":null,"database_name":"cloudrail_table_database","description":null,"dynamodb_target":[],"jdbc_target":[],"lineage_configuration":[],"mongodb_target":[],"name":"cloudrail_table_crawler","recrawl_policy":[],"role":"aws_iam_role.cloudrail_glue_iam.arn","s3_target":[{"connection_name":null,"exclusions":null,"path":"s3://cloudrail-glue"}],"schedule":null,"schema_change_policy":[],"security_configuration":null,"table_prefix":null,"tags":null}},{"address":"aws_glue_resource_policy.example","mode":"managed","type":"aws_glue_resource_policy","name":"example","provider_name":"aws","schema_version":0,"values":{"policy":"{\n  \"Version\": \"2012-10-17\",\n  \"Statement\": [\n    {\n      \"Sid\": \"\",\n      \"Effect\": \"Allow\",\n      \"Action\": \"glue:CreateTable\",\n      \"Resource\": \"arn:aws:glue:us-east-1:115553109071:*\",\n      \"Principal\": {\n        \"AWS\": \"glue.datacatalog.amazonaws.com\"\n      }\n    }\n  ]\n}"}},{"address":"aws_iam_role.cloudrail_glue_iam","mode":"managed","type":"aws_iam_role","name":"cloudrail_glue_iam","provider_name":"aws","schema_version":0,"values":{"assume_role_policy":"{\n  \"Version\": \"2012-10-17\",\n  \"Statement\": [\n    {\n      \"Effect\": \"Allow\",\n      \"Principal\": {\n        \"Service\": \"glue.amazonaws.com\"\n      },\n      \"Action\": \"sts:AssumeRole\"\n    }\n  ]\n}\n","description":null,"force_detach_policies":false,"max_session_duration":3600,"name":"cloudrail_glue_iam","name_prefix":null,"path":"/","permissions_boundary":null,"tags":null}},{"address":"aws_s3_bucket.cloudrail","mode":"managed","type":"aws_s3_bucket","name":"cloudrail","provider_name":"aws","schema_version":0,"values":{"acl":"private","bucket":"cloudrail-glue","bucket_prefix":null,"cors_rule":[],"force_destroy":false,"grant":[],"lifecycle_rule":[],"logging":[],"object_lock_configuration":[],"policy":null,"replication_configuration":[],"server_side_encryption_configuration":[],"tags":null,"website":[]}}]}},"resource_changes":[{"address":"aws_glue_catalog_database.cloudrail_table_database","mode":"managed","type":"aws_glue_catalog_database","name":"cloudrail_table_database","provider_name":"aws","change":{"actions":["create"],"before":null,"after":{"description":null,"location_uri":null,"name":"cloudrail_table_database","parameters":null},"after_unknown":{"arn":true,"catalog_id":true,"id":true}}},{"address":"aws_glue_catalog_table.cloudrail_table","mode":"managed","type":"aws_glue_catalog_table","name":"cloudrail_table","provider_name":"aws","change":{"actions":["create"],"before":null,"after":{"database_name":"cloudrail_table_database","description":null,"name":"cloudrail_table","owner":null,"parameters":null,"partition_index":[],"partition_keys":[],"retention":null,"storage_descriptor":[],"table_type":null,"view_expanded_text":null,"view_original_text":null},"after_unknown":{"arn":true,"catalog_id":true,"id":true,"partition_index":[],"partition_keys":[],"storage_descriptor":[]}}},{"address":"aws_glue_crawler.cloudrail_table_crawler","mode":"managed","type":"aws_glue_crawler","name":"cloudrail_table_crawler","provider_name":"aws","change":{"actions":["create"],"before":null,"after":{"catalog_target":[],"classifiers":null,"configuration":null,"database_name":"cloudrail_table_database","description":null,"dynamodb_target":[],"jdbc_target":[],"lineage_configuration":[],"mongodb_target":[],"name":"cloudrail_table_crawler","recrawl_policy":[],"role":"aws_iam_role.cloudrail_glue_iam.arn","s3_target":[{"connection_name":null,"exclusions":null,"path":"s3://cloudrail-glue"}],"schedule":null,"schema_change_policy":[],"security_configuration":null,"table_prefix":null,"tags":null},"after_unknown":{"arn":true,"catalog_target":[],"dynamodb_target":[],"id":true,"jdbc_target":[],"lineage_configuration":[],"mongodb_target":[],"recrawl_policy":[],"s3_target":[{}],"schema_change_policy":[]}}},{"address":"aws_glue_resource_policy.example","mode":"managed","type":"aws_glue_resource_policy","name":"example","provider_name":"aws","change":{"actions":["create"],"before":null,"after":{"policy":"{\n  \"Version\": \"2012-10-17\",\n  \"Statement\": [\n    {\n      \"Sid\": \"\",\n      \"Effect\": \"Allow\",\n      \"Action\": \"glue:CreateTable\",\n      \"Resource\": \"arn:aws:glue:us-east-1:115553109071:*\",\n      \"Principal\": {\n        \"AWS\": \"glue.datacatalog.amazonaws.com\"\n      }\n    }\n  ]\n}"},"after_unknown":{"id":true}}},{"address":"aws_iam_role.cloudrail_glue_iam","mode":"managed","type":"aws_iam_role","name":"cloudrail_glue_iam","provider_name":"aws","change":{"actions":["create"],"before":null,"after":{"assume_role_policy":"{\n  \"Version\": \"2012-10-17\",\n  \"Statement\": [\n    {\n      \"Effect\": \"Allow\",\n      \"Principal\": {\n        \"Service\": \"glue.amazonaws.com\"\n      },\n      \"Action\": \"sts:AssumeRole\"\n    }\n  ]\n}\n","description":null,"force_detach_policies":false,"max_session_duration":3600,"name":"cloudrail_glue_iam","name_prefix":null,"path":"/","permissions_boundary":null,"tags":null},"after_unknown":{"arn":true,"create_date":true,"id":true,"inline_policy":true,"managed_policy_arns":true,"unique_id":true}}},{"address":"aws_s3_bucket.cloudrail","mode":"managed","type":"aws_s3_bucket","name":"cloudrail","provider_name":"aws","change":{"actions":["create"],"before":null,"after":{"acl":"private","bucket":"cloudrail-glue","bucket_prefix":null,"cors_rule":[],"force_destroy":false,"grant":[],"lifecycle_rule":[],"logging":[],"object_lock_configuration":[],"policy":null,"replication_configuration":[],"server_side_encryption_configuration":[],"tags":null,"website":[]},"after_unknown":{"acceleration_status":true,"arn":true,"bucket_domain_name":true,"bucket_regional_domain_name":true,"cors_rule":[],"grant":[],"hosted_zone_id":true,"id":true,"lifecycle_rule":[],"logging":[],"object_lock_configuration":[],"region":true,"replication_configuration":[],"request_payer":true,"server_side_encryption_configuration":[],"versioning":true,"website":[],"website_domain":true,"website_endpoint":true}}}],"prior_state":{"format_version":"0.1","terraform_version":"0.12.29","values":{"root_module":{"resources":[{"address":"data.aws_caller_identity.current","mode":"data","type":"aws_caller_identity","name":"current","provider_name":"aws","schema_version":0,"values":{"account_id":"115553109071","arn":"arn:aws:sts::115553109071:assumed-role/AWSReservedSSO_admin_in_develop_fb314e4593b59bf2/imanuel.m@indeni.com","id":"115553109071","user_id":"AROARVZ4AQRHRH7ZLU5BZ:imanuel.m@indeni.com"}},{"address":"data.aws_iam_policy_document.glue-example-policy","mode":"data","type":"aws_iam_policy_document","name":"glue-example-policy","provider_name":"aws","schema_version":0,"values":{"id":"1124931409","json":"{\n  \"Version\": \"2012-10-17\",\n  \"Statement\": [\n    {\n      \"Sid\": \"\",\n      \"Effect\": \"Allow\",\n      \"Action\": \"glue:CreateTable\",\n      \"Resource\": \"arn:aws:glue:us-east-1:115553109071:*\",\n      \"Principal\": {\n        \"AWS\": \"glue.datacatalog.amazonaws.com\"\n      }\n    }\n  ]\n}","override_json":null,"override_policy_documents":null,"policy_id":null,"source_json":null,"source_policy_documents":null,"statement":[{"actions":["glue:CreateTable"],"condition":[],"effect":"Allow","not_actions":[],"not_principals":[],"not_resources":[],"principals":[{"identifiers":["glue.datacatalog.amazonaws.com"],"type":"AWS"}],"resources":["arn:aws:glue:us-east-1:115553109071:*"],"sid":""}],"version":"2012-10-17"}},{"address":"data.aws_partition.current","mode":"data","type":"aws_partition","name":"current","provider_name":"aws","schema_version":0,"values":{"dns_suffix":"amazonaws.com","id":"aws","partition":"aws","reverse_dns_prefix":"com.amazonaws"}},{"address":"data.aws_region.current","mode":"data","type":"aws_region","name":"current","provider_name":"aws","schema_version":0,"values":{"description":"US East (N. Virginia)","endpoint":"ec2.us-east-1.amazonaws.com","id":"us-east-1","name":"us-east-1"}}]}}},"configuration":{"provider_config":{"aws":{"name":"aws","expressions":{"region":{"constant_value":"us-east-1"}}}},"root_module":{"resources":[{"address":"aws_glue_catalog_database.cloudrail_table_database","mode":"managed","type":"aws_glue_catalog_database","name":"cloudrail_table_database","provider_config_key":"aws","expressions":{"name":{"constant_value":"cloudrail_table_database"}},"schema_version":0,"raw_data":{"FileName":"main.tf","StartLine":5,"EndLine":7}},{"address":"aws_glue_catalog_table.cloudrail_table","mode":"managed","type":"aws_glue_catalog_table","name":"cloudrail_table","provider_config_key":"aws","expressions":{"database_name":{"references":["aws_glue_catalog_database.cloudrail_table_database"]},"name":{"constant_value":"cloudrail_table"}},"schema_version":0,"raw_data":{"FileName":"main.tf","StartLine":9,"EndLine":12}},{"address":"aws_glue_crawler.cloudrail_table_crawler","mode":"managed","type":"aws_glue_crawler","name":"cloudrail_table_crawler","provider_config_key":"aws","expressions":{"database_name":{"references":["aws_glue_catalog_database.cloudrail_table_database"]},"name":{"constant_value":"cloudrail_table_crawler"},"role":{"references":["aws_iam_role.cloudrail_glue_iam"]},"s3_target":[{"path":{"references":["aws_s3_bucket.cloudrail"]}}]},"schema_version":0,"raw_data":{"FileName":"main.tf","StartLine":38,"EndLine":46}},{"address":"aws_glue_resource_policy.example","mode":"managed","type":"aws_glue_resource_policy","name":"example","provider_config_key":"aws","expressions":{"policy":{"references":["data.aws_iam_policy_document.glue-example-policy"]}},"schema_version":0,"raw_data":{"FileName":"main.tf","StartLine":67,"EndLine":69}},{"address":"aws_iam_role.cloudrail_glue_iam","mode":"managed","type":"aws_iam_role","name":"cloudrail_glue_iam","provider_config_key":"aws","expressions":{"assume_role_policy":{"constant_value":"{\n  \"Version\": \"2012-10-17\",\n  \"Statement\": [\n    {\n      \"Effect\": \"Allow\",\n      \"Principal\": {\n        \"Service\": \"glue.amazonaws.com\"\n      },\n      \"Action\": \"sts:AssumeRole\"\n    }\n  ]\n}\n"},"name":{"constant_value":"cloudrail_glue_iam"}},"schema_version":0,"raw_data":{"FileName":"main.tf","StartLine":14,"EndLine":31}},{"address":"aws_s3_bucket.cloudrail","mode":"managed","type":"aws_s3_bucket","name":"cloudrail","provider_config_key":"aws","expressions":{"acl":{"constant_value":"private"},"bucket":{"constant_value":"cloudrail-glue"}},"schema_version":0,"raw_data":{"FileName":"main.tf","StartLine":33,"EndLine":36}},{"address":"data.aws_caller_identity.current","mode":"data","type":"aws_caller_identity","name":"current","provider_config_key":"aws","schema_version":0,"raw_data":{"FileName":"main.tf","StartLine":48,"EndLine":48}},{"address":"data.aws_iam_policy_document.glue-example-policy","mode":"data","type":"aws_iam_policy_document","name":"glue-example-policy","provider_config_key":"aws","expressions":{"statement":[{"actions":{"constant_value":["glue:CreateTable"]},"principals":[{"identifiers":{"constant_value":["glue.datacatalog.amazonaws.com"]},"type":{"constant_value":"AWS"}}],"resources":{"references":["data.aws_partition.current","data.aws_region.current","data.aws_caller_identity.current"]}}]},"schema_version":0,"raw_data":{"FileName":"main.tf","StartLine":54,"EndLine":65}},{"address":"data.aws_partition.current","mode":"data","type":"aws_partition","name":"current","provider_config_key":"aws","schema_version":0,"raw_data":{"FileName":"main.tf","StartLine":50,"EndLine":50}},{"address":"data.aws_region.current","mode":"data","type":"aws_region","name":"current","provider_config_key":"aws","schema_version":0,"raw_data":{"FileName":"main.tf","StartLine":52,"EndLine":52}}]}}}
