{"format_version":"0.1","terraform_version":"0.13.4","planned_values":{"root_module":{"resources":[{"address":"aws_iam_policy.lambda_logging","mode":"managed","type":"aws_iam_policy","name":"lambda_logging","provider_name":"registry.terraform.io/hashicorp/aws","schema_version":0,"values":{"description":"IAM policy for logging from a lambda","name":"lambda_logging","name_prefix":null,"path":"/","policy":"{\n  \"Version\": \"2012-10-17\",\n  \"Statement\": [\n    {\n      \"Action\": [\n        \"logs:CreateLogGroup\",\n        \"logs:CreateLogStream\",\n        \"logs:PutLogEvents\"\n      ],\n      \"Resource\": \"arn:aws:logs:*:*:*\",\n      \"Effect\": \"Allow\"\n    }\n  ]\n}\n","tags":null}},{"address":"aws_iam_role.iam_for_lambda","mode":"managed","type":"aws_iam_role","name":"iam_for_lambda","provider_name":"registry.terraform.io/hashicorp/aws","schema_version":0,"values":{"assume_role_policy":"{\n  \"Version\": \"2012-10-17\",\n  \"Statement\": [\n    {\n      \"Action\": \"sts:AssumeRole\",\n      \"Principal\": {\n        \"Service\": \"lambda.amazonaws.com\"\n      },\n      \"Effect\": \"Allow\",\n      \"Sid\": \"\"\n    }\n  ]\n}\n","description":null,"force_detach_policies":false,"inline_policy":[],"max_session_duration":3600,"name":"iam_for_lambda","name_prefix":null,"path":"/","permissions_boundary":null,"tags":null}},{"address":"aws_iam_role.iam_for_lambda_2","mode":"managed","type":"aws_iam_role","name":"iam_for_lambda_2","provider_name":"registry.terraform.io/hashicorp/aws","schema_version":0,"values":{"assume_role_policy":"{\n  \"Version\": \"2012-10-17\",\n  \"Statement\": [\n    {\n      \"Action\": \"sts:AssumeRole\",\n      \"Principal\": {\n        \"Service\": \"lambda.amazonaws.com\"\n      },\n      \"Effect\": \"Allow\",\n      \"Sid\": \"\"\n    }\n  ]\n}\n","description":null,"force_detach_policies":false,"inline_policy":[],"max_session_duration":3600,"name":"iam_for_lambda_2","name_prefix":null,"path":"/","permissions_boundary":null,"tags":null}},{"address":"aws_iam_role_policy_attachment.lambda_logs","mode":"managed","type":"aws_iam_role_policy_attachment","name":"lambda_logs","provider_name":"registry.terraform.io/hashicorp/aws","schema_version":0,"values":{"policy_arn":"aws_iam_policy.lambda_logging.arn","role":"iam_for_lambda"}},{"address":"aws_iam_role_policy_attachment.lambda_logs_2","mode":"managed","type":"aws_iam_role_policy_attachment","name":"lambda_logs_2","provider_name":"registry.terraform.io/hashicorp/aws","schema_version":0,"values":{"policy_arn":"aws_iam_policy.lambda_logging.arn","role":"iam_for_lambda_2"}},{"address":"aws_lambda_function.test_lambda","mode":"managed","type":"aws_lambda_function","name":"test_lambda","provider_name":"registry.terraform.io/hashicorp/aws","schema_version":0,"values":{"code_signing_config_arn":null,"dead_letter_config":[],"description":null,"environment":[],"file_system_config":[],"filename":"./Archive.zip","function_name":"cloudrail_test_lambda","handler":"main.handler","image_config":[],"image_uri":null,"kms_key_arn":null,"layers":null,"memory_size":128,"package_type":"Zip","publish":false,"reserved_concurrent_executions":-1,"role":"aws_iam_role.iam_for_lambda.arn","runtime":"python3.8","s3_bucket":null,"s3_key":null,"s3_object_version":null,"tags":null,"timeout":3,"timeouts":null,"tracing_config":[],"vpc_config":[]}},{"address":"aws_lambda_function.test_lambda_2","mode":"managed","type":"aws_lambda_function","name":"test_lambda_2","provider_name":"registry.terraform.io/hashicorp/aws","schema_version":0,"values":{"code_signing_config_arn":null,"dead_letter_config":[],"description":null,"environment":[],"file_system_config":[],"filename":"./Archive.zip","function_name":"cloudrail_test_lambda_2","handler":"main.handler","image_config":[],"image_uri":null,"kms_key_arn":null,"layers":null,"memory_size":128,"package_type":"Zip","publish":false,"reserved_concurrent_executions":-1,"role":"aws_iam_role.iam_for_lambda_2.arn","runtime":"python3.8","s3_bucket":null,"s3_key":null,"s3_object_version":null,"tags":null,"timeout":3,"timeouts":null,"tracing_config":[],"vpc_config":[]}}]}},"resource_changes":[{"address":"aws_iam_policy.lambda_logging","mode":"managed","type":"aws_iam_policy","name":"lambda_logging","provider_name":"registry.terraform.io/hashicorp/aws","change":{"actions":["create"],"before":null,"after":{"description":"IAM policy for logging from a lambda","name":"lambda_logging","name_prefix":null,"path":"/","policy":"{\n  \"Version\": \"2012-10-17\",\n  \"Statement\": [\n    {\n      \"Action\": [\n        \"logs:CreateLogGroup\",\n        \"logs:CreateLogStream\",\n        \"logs:PutLogEvents\"\n      ],\n      \"Resource\": \"arn:aws:logs:*:*:*\",\n      \"Effect\": \"Allow\"\n    }\n  ]\n}\n","tags":null},"after_unknown":{"arn":true,"id":true,"policy_id":true,"tags_all":true}}},{"address":"aws_iam_role.iam_for_lambda","mode":"managed","type":"aws_iam_role","name":"iam_for_lambda","provider_name":"registry.terraform.io/hashicorp/aws","change":{"actions":["create"],"before":null,"after":{"assume_role_policy":"{\n  \"Version\": \"2012-10-17\",\n  \"Statement\": [\n    {\n      \"Action\": \"sts:AssumeRole\",\n      \"Principal\": {\n        \"Service\": \"lambda.amazonaws.com\"\n      },\n      \"Effect\": \"Allow\",\n      \"Sid\": \"\"\n    }\n  ]\n}\n","description":null,"force_detach_policies":false,"inline_policy":[],"max_session_duration":3600,"name":"iam_for_lambda","name_prefix":null,"path":"/","permissions_boundary":null,"tags":null},"after_unknown":{"arn":true,"create_date":true,"id":true,"inline_policy":[],"managed_policy_arns":true,"tags_all":true,"unique_id":true}}},{"address":"aws_iam_role.iam_for_lambda_2","mode":"managed","type":"aws_iam_role","name":"iam_for_lambda_2","provider_name":"registry.terraform.io/hashicorp/aws","change":{"actions":["create"],"before":null,"after":{"assume_role_policy":"{\n  \"Version\": \"2012-10-17\",\n  \"Statement\": [\n    {\n      \"Action\": \"sts:AssumeRole\",\n      \"Principal\": {\n        \"Service\": \"lambda.amazonaws.com\"\n      },\n      \"Effect\": \"Allow\",\n      \"Sid\": \"\"\n    }\n  ]\n}\n","description":null,"force_detach_policies":false,"inline_policy":[],"max_session_duration":3600,"name":"iam_for_lambda_2","name_prefix":null,"path":"/","permissions_boundary":null,"tags":null},"after_unknown":{"arn":true,"create_date":true,"id":true,"inline_policy":[],"managed_policy_arns":true,"tags_all":true,"unique_id":true}}},{"address":"aws_iam_role_policy_attachment.lambda_logs","mode":"managed","type":"aws_iam_role_policy_attachment","name":"lambda_logs","provider_name":"registry.terraform.io/hashicorp/aws","change":{"actions":["create"],"before":null,"after":{"policy_arn":"aws_iam_policy.lambda_logging.arn","role":"iam_for_lambda"},"after_unknown":{"id":true}}},{"address":"aws_iam_role_policy_attachment.lambda_logs_2","mode":"managed","type":"aws_iam_role_policy_attachment","name":"lambda_logs_2","provider_name":"registry.terraform.io/hashicorp/aws","change":{"actions":["create"],"before":null,"after":{"policy_arn":"aws_iam_policy.lambda_logging.arn","role":"iam_for_lambda_2"},"after_unknown":{"id":true}}},{"address":"aws_lambda_function.test_lambda","mode":"managed","type":"aws_lambda_function","name":"test_lambda","provider_name":"registry.terraform.io/hashicorp/aws","change":{"actions":["create"],"before":null,"after":{"code_signing_config_arn":null,"dead_letter_config":[],"description":null,"environment":[],"file_system_config":[],"filename":"./Archive.zip","function_name":"cloudrail_test_lambda","handler":"main.handler","image_config":[],"image_uri":null,"kms_key_arn":null,"layers":null,"memory_size":128,"package_type":"Zip","publish":false,"reserved_concurrent_executions":-1,"role":"aws_iam_role.iam_for_lambda.arn","runtime":"python3.8","s3_bucket":null,"s3_key":null,"s3_object_version":null,"tags":null,"timeout":3,"timeouts":null,"tracing_config":[],"vpc_config":[]},"after_unknown":{"arn":true,"dead_letter_config":[],"environment":[],"file_system_config":[],"id":true,"image_config":[],"invoke_arn":true,"last_modified":true,"qualified_arn":true,"signing_job_arn":true,"signing_profile_version_arn":true,"source_code_hash":true,"source_code_size":true,"tags_all":true,"tracing_config":[],"version":true,"vpc_config":[]}}},{"address":"aws_lambda_function.test_lambda_2","mode":"managed","type":"aws_lambda_function","name":"test_lambda_2","provider_name":"registry.terraform.io/hashicorp/aws","change":{"actions":["create"],"before":null,"after":{"code_signing_config_arn":null,"dead_letter_config":[],"description":null,"environment":[],"file_system_config":[],"filename":"./Archive.zip","function_name":"cloudrail_test_lambda_2","handler":"main.handler","image_config":[],"image_uri":null,"kms_key_arn":null,"layers":null,"memory_size":128,"package_type":"Zip","publish":false,"reserved_concurrent_executions":-1,"role":"aws_iam_role.iam_for_lambda_2.arn","runtime":"python3.8","s3_bucket":null,"s3_key":null,"s3_object_version":null,"tags":null,"timeout":3,"timeouts":null,"tracing_config":[],"vpc_config":[]},"after_unknown":{"arn":true,"dead_letter_config":[],"environment":[],"file_system_config":[],"id":true,"image_config":[],"invoke_arn":true,"last_modified":true,"qualified_arn":true,"signing_job_arn":true,"signing_profile_version_arn":true,"source_code_hash":true,"source_code_size":true,"tags_all":true,"tracing_config":[],"version":true,"vpc_config":[]}}}],"configuration":{"provider_config":{"aws":{"name":"aws","expressions":{"region":{"constant_value":"us-east-1"}}}},"root_module":{"resources":[{"address":"aws_iam_policy.lambda_logging","mode":"managed","type":"aws_iam_policy","name":"lambda_logging","provider_config_key":"aws","expressions":{"description":{"constant_value":"IAM policy for logging from a lambda"},"name":{"constant_value":"lambda_logging"},"path":{"constant_value":"/"},"policy":{"constant_value":"{\n  \"Version\": \"2012-10-17\",\n  \"Statement\": [\n    {\n      \"Action\": [\n        \"logs:CreateLogGroup\",\n        \"logs:CreateLogStream\",\n        \"logs:PutLogEvents\"\n      ],\n      \"Resource\": \"arn:aws:logs:*:*:*\",\n      \"Effect\": \"Allow\"\n    }\n  ]\n}\n"}},"schema_version":0,"raw_data":{"FileName":"main.tf","StartLine":46,"EndLine":67}},{"address":"aws_iam_role.iam_for_lambda","mode":"managed","type":"aws_iam_role","name":"iam_for_lambda","provider_config_key":"aws","expressions":{"assume_role_policy":{"constant_value":"{\n  \"Version\": \"2012-10-17\",\n  \"Statement\": [\n    {\n      \"Action\": \"sts:AssumeRole\",\n      \"Principal\": {\n        \"Service\": \"lambda.amazonaws.com\"\n      },\n      \"Effect\": \"Allow\",\n      \"Sid\": \"\"\n    }\n  ]\n}\n"},"name":{"constant_value":"iam_for_lambda"}},"schema_version":0,"raw_data":{"FileName":"main.tf","StartLine":5,"EndLine":23}},{"address":"aws_iam_role.iam_for_lambda_2","mode":"managed","type":"aws_iam_role","name":"iam_for_lambda_2","provider_config_key":"aws","expressions":{"assume_role_policy":{"constant_value":"{\n  \"Version\": \"2012-10-17\",\n  \"Statement\": [\n    {\n      \"Action\": \"sts:AssumeRole\",\n      \"Principal\": {\n        \"Service\": \"lambda.amazonaws.com\"\n      },\n      \"Effect\": \"Allow\",\n      \"Sid\": \"\"\n    }\n  ]\n}\n"},"name":{"constant_value":"iam_for_lambda_2"}},"schema_version":0,"raw_data":{"FileName":"main.tf","StartLine":26,"EndLine":44}},{"address":"aws_iam_role_policy_attachment.lambda_logs","mode":"managed","type":"aws_iam_role_policy_attachment","name":"lambda_logs","provider_config_key":"aws","expressions":{"policy_arn":{"references":["aws_iam_policy.lambda_logging"]},"role":{"references":["aws_iam_role.iam_for_lambda"]}},"schema_version":0,"raw_data":{"FileName":"main.tf","StartLine":69,"EndLine":72}},{"address":"aws_iam_role_policy_attachment.lambda_logs_2","mode":"managed","type":"aws_iam_role_policy_attachment","name":"lambda_logs_2","provider_config_key":"aws","expressions":{"policy_arn":{"references":["aws_iam_policy.lambda_logging"]},"role":{"references":["aws_iam_role.iam_for_lambda_2"]}},"schema_version":0,"raw_data":{"FileName":"main.tf","StartLine":86,"EndLine":89}},{"address":"aws_lambda_function.test_lambda","mode":"managed","type":"aws_lambda_function","name":"test_lambda","provider_config_key":"aws","expressions":{"filename":{"references":["path.module"]},"function_name":{"constant_value":"cloudrail_test_lambda"},"handler":{"constant_value":"main.handler"},"role":{"references":["aws_iam_role.iam_for_lambda"]},"runtime":{"constant_value":"python3.8"}},"schema_version":0,"depends_on":["aws_iam_role_policy_attachment.lambda_logs"],"raw_data":{"FileName":"main.tf","StartLine":74,"EndLine":84}},{"address":"aws_lambda_function.test_lambda_2","mode":"managed","type":"aws_lambda_function","name":"test_lambda_2","provider_config_key":"aws","expressions":{"filename":{"references":["path.module"]},"function_name":{"constant_value":"cloudrail_test_lambda_2"},"handler":{"constant_value":"main.handler"},"role":{"references":["aws_iam_role.iam_for_lambda_2"]},"runtime":{"constant_value":"python3.8"}},"schema_version":0,"depends_on":["aws_iam_role_policy_attachment.lambda_logs_2"],"raw_data":{"FileName":"main.tf","StartLine":91,"EndLine":101}}]}}}
