{"format_version":"0.1","terraform_version":"0.12.29","planned_values":{"root_module":{"child_modules":[{"resources":[{"address":"module.test_module.aws_ssm_parameter.test","mode":"managed","type":"aws_ssm_parameter","name":"test","provider_name":"aws","schema_version":0,"values":{"allowed_pattern":null,"description":null,"name":"test-cloudrail","overwrite":null,"tags":null,"tier":"Standard","type":"SecureString","value":"s11per.S3cret.Value"}}],"address":"module.test_module"}]}},"resource_changes":[{"address":"module.test_module.aws_ssm_parameter.test","module_address":"module.test_module","mode":"managed","type":"aws_ssm_parameter","name":"test","provider_name":"aws","change":{"actions":["create"],"before":null,"after":{"allowed_pattern":null,"description":null,"name":"test-cloudrail","overwrite":null,"tags":null,"tier":"Standard","type":"SecureString","value":"s11per.S3cret.Value"},"after_unknown":{"arn":true,"id":true,"key_id":true,"version":true}}}],"configuration":{"provider_config":{"aws":{"name":"aws","version_constraint":"2.70.0","expressions":{"region":{"constant_value":"us-east-1"}}},"test_module:aws":{"name":"aws","module_address":"test_module","expressions":{"region":{"constant_value":"us-east-1"}}}},"root_module":{"module_calls":{"test_module":{"source":"./ssm/ssm_parameter/default_encryption","module":{"resources":[{"address":"aws_ssm_parameter.test","mode":"managed","type":"aws_ssm_parameter","name":"test","provider_config_key":"test_module:aws","expressions":{"name":{"constant_value":"test-cloudrail"},"type":{"constant_value":"SecureString"},"value":{"constant_value":"s11per.S3cret.Value"}},"schema_version":0,"raw_data":{"FileName":"ssm/ssm_parameter/default_encryption/main.tf","StartLine":5,"EndLine":9}}]},"raw_data":{"FileName":"main.tf","StartLine":7,"EndLine":9}}}}}}
