{"format_version":"0.1","terraform_version":"0.13.4","planned_values":{"root_module":{"resources":[{"address":"aws_instance.ec2","mode":"managed","type":"aws_instance","name":"ec2","provider_name":"registry.terraform.io/hashicorp/aws","schema_version":1,"values":{"ami":"ami-0ee02acd56a52998e","capacity_reservation_specification":[],"credit_specification":[],"disable_api_termination":null,"ebs_block_device":[],"ebs_optimized":null,"enclave_options":[],"ephemeral_block_device":[],"get_password_data":false,"hibernation":null,"iam_instance_profile":null,"instance_type":"t2.micro","metadata_options":[],"monitoring":null,"network_interface":[],"root_block_device":[],"source_dest_check":true,"subnet_id":"aws_subnet.subnet.id","tags":null,"timeouts":null,"user_data":null,"user_data_base64":null,"volume_tags":null,"vpc_security_group_ids":["aws_security_group.default.id"]}},{"address":"aws_security_group.default","mode":"managed","type":"aws_security_group","name":"default","provider_name":"registry.terraform.io/hashicorp/aws","schema_version":1,"values":{"description":"Allow TLS inbound traffic","egress":[{"cidr_blocks":["0.0.0.0/0"],"description":"this is an egress rule for something else....","from_port":0,"ipv6_cidr_blocks":null,"prefix_list_ids":null,"protocol":"-1","security_groups":null,"self":null,"to_port":0}],"ingress":[{"cidr_blocks":["10.0.0.0/24"],"description":"This is an inbound rule for something....","from_port":443,"ipv6_cidr_blocks":null,"prefix_list_ids":null,"protocol":"tcp","security_groups":null,"self":null,"to_port":443}],"name":"examplerulename","revoke_rules_on_delete":false,"tags":{"Name":"example_rule_with_descriptions"},"tags_all":{"Name":"example_rule_with_descriptions"},"timeouts":null,"vpc_id":"aws_vpc.vpc.id"}},{"address":"aws_subnet.subnet","mode":"managed","type":"aws_subnet","name":"subnet","provider_name":"registry.terraform.io/hashicorp/aws","schema_version":1,"values":{"assign_ipv6_address_on_creation":false,"cidr_block":"10.0.0.0/24","customer_owned_ipv4_pool":null,"ipv6_cidr_block":null,"map_customer_owned_ip_on_launch":null,"map_public_ip_on_launch":false,"outpost_arn":null,"tags":null,"timeouts":null,"vpc_id":"aws_vpc.vpc.id"}},{"address":"aws_vpc.vpc","mode":"managed","type":"aws_vpc","name":"vpc","provider_name":"registry.terraform.io/hashicorp/aws","schema_version":1,"values":{"assign_generated_ipv6_cidr_block":false,"cidr_block":"10.0.0.0/24","enable_dns_support":true,"instance_tenancy":"default","tags":null}}]}},"resource_changes":[{"address":"aws_instance.ec2","mode":"managed","type":"aws_instance","name":"ec2","provider_name":"registry.terraform.io/hashicorp/aws","change":{"actions":["create"],"before":null,"after":{"ami":"ami-0ee02acd56a52998e","capacity_reservation_specification":[],"credit_specification":[],"disable_api_termination":null,"ebs_block_device":[],"ebs_optimized":null,"enclave_options":[],"ephemeral_block_device":[],"get_password_data":false,"hibernation":null,"iam_instance_profile":null,"instance_type":"t2.micro","metadata_options":[],"monitoring":null,"network_interface":[],"root_block_device":[],"source_dest_check":true,"subnet_id":"aws_subnet.subnet.id","tags":null,"timeouts":null,"user_data":null,"user_data_base64":null,"volume_tags":null,"vpc_security_group_ids":["aws_security_group.default.id"]},"after_unknown":{"arn":true,"associate_public_ip_address":true,"availability_zone":true,"capacity_reservation_specification":[],"cpu_core_count":true,"cpu_threads_per_core":true,"credit_specification":[],"ebs_block_device":[],"enclave_options":[],"ephemeral_block_device":[],"host_id":true,"id":true,"instance_initiated_shutdown_behavior":true,"instance_state":true,"ipv6_address_count":true,"ipv6_addresses":true,"key_name":true,"metadata_options":[],"network_interface":[],"outpost_arn":true,"password_data":true,"placement_group":true,"primary_network_interface_id":true,"private_dns":true,"private_ip":true,"public_dns":true,"public_ip":true,"root_block_device":[],"secondary_private_ips":true,"security_groups":true,"tags_all":true,"tenancy":true,"vpc_security_group_ids":[false]}}},{"address":"aws_security_group.default","mode":"managed","type":"aws_security_group","name":"default","provider_name":"registry.terraform.io/hashicorp/aws","change":{"actions":["create"],"before":null,"after":{"description":"Allow TLS inbound traffic","egress":[{"cidr_blocks":["0.0.0.0/0"],"description":"this is an egress rule for something else....","from_port":0,"ipv6_cidr_blocks":null,"prefix_list_ids":null,"protocol":"-1","security_groups":null,"self":null,"to_port":0}],"ingress":[{"cidr_blocks":["10.0.0.0/24"],"description":"This is an inbound rule for something....","from_port":443,"ipv6_cidr_blocks":null,"prefix_list_ids":null,"protocol":"tcp","security_groups":null,"self":null,"to_port":443}],"name":"examplerulename","revoke_rules_on_delete":false,"tags":{"Name":"example_rule_with_descriptions"},"tags_all":{"Name":"example_rule_with_descriptions"},"timeouts":null,"vpc_id":"aws_vpc.vpc.id"},"after_unknown":{"arn":true,"egress":[{"cidr_blocks":[false]}],"id":true,"ingress":[{"cidr_blocks":[false]}],"name_prefix":true,"owner_id":true,"tags":{},"tags_all":{}}}},{"address":"aws_subnet.subnet","mode":"managed","type":"aws_subnet","name":"subnet","provider_name":"registry.terraform.io/hashicorp/aws","change":{"actions":["create"],"before":null,"after":{"assign_ipv6_address_on_creation":false,"cidr_block":"10.0.0.0/24","customer_owned_ipv4_pool":null,"ipv6_cidr_block":null,"map_customer_owned_ip_on_launch":null,"map_public_ip_on_launch":false,"outpost_arn":null,"tags":null,"timeouts":null,"vpc_id":"aws_vpc.vpc.id"},"after_unknown":{"arn":true,"availability_zone":true,"availability_zone_id":true,"id":true,"ipv6_cidr_block_association_id":true,"owner_id":true,"tags_all":true}}},{"address":"aws_vpc.vpc","mode":"managed","type":"aws_vpc","name":"vpc","provider_name":"registry.terraform.io/hashicorp/aws","change":{"actions":["create"],"before":null,"after":{"assign_generated_ipv6_cidr_block":false,"cidr_block":"10.0.0.0/24","enable_dns_support":true,"instance_tenancy":"default","tags":null},"after_unknown":{"arn":true,"default_network_acl_id":true,"default_route_table_id":true,"default_security_group_id":true,"dhcp_options_id":true,"enable_classiclink":true,"enable_classiclink_dns_support":true,"enable_dns_hostnames":true,"id":true,"ipv6_association_id":true,"ipv6_cidr_block":true,"main_route_table_id":true,"owner_id":true,"tags_all":true}}}],"prior_state":{"format_version":"0.1","terraform_version":"0.13.4","values":{"root_module":{"resources":[{"address":"data.aws_ami.ubuntu","mode":"data","type":"aws_ami","name":"ubuntu","provider_name":"registry.terraform.io/hashicorp/aws","schema_version":0,"values":{"architecture":"x86_64","arn":"arn:aws:ec2:us-east-1::image/ami-0ee02acd56a52998e","block_device_mappings":[{"device_name":"/dev/sda1","ebs":{"delete_on_termination":"true","encrypted":"false","iops":"0","snapshot_id":"snap-02ea480fc9e115bab","throughput":"0","volume_size":"8","volume_type":"gp2"},"no_device":"","virtual_name":""},{"device_name":"/dev/sdb","ebs":{},"no_device":"","virtual_name":"ephemeral0"},{"device_name":"/dev/sdc","ebs":{},"no_device":"","virtual_name":"ephemeral1"}],"creation_date":"2021-04-29T05:50:56.000Z","description":"Canonical, Ubuntu, 16.04 LTS, amd64 xenial image build on 2021-04-29","ena_support":true,"executable_users":null,"filter":[{"name":"name","values":["ubuntu/images/hvm-ssd/ubuntu-xenial-16.04-amd64-server-*"]},{"name":"virtualization-type","values":["hvm"]}],"hypervisor":"xen","id":"ami-0ee02acd56a52998e","image_id":"ami-0ee02acd56a52998e","image_location":"099720109477/ubuntu/images/hvm-ssd/ubuntu-xenial-16.04-amd64-server-20210429","image_owner_alias":null,"image_type":"machine","kernel_id":null,"most_recent":true,"name":"ubuntu/images/hvm-ssd/ubuntu-xenial-16.04-amd64-server-20210429","name_regex":null,"owner_id":"099720109477","owners":["099720109477"],"platform":null,"platform_details":"Linux/UNIX","product_codes":[],"public":true,"ramdisk_id":null,"root_device_name":"/dev/sda1","root_device_type":"ebs","root_snapshot_id":"snap-02ea480fc9e115bab","sriov_net_support":"simple","state":"available","state_reason":{"code":"UNSET","message":"UNSET"},"tags":{},"usage_operation":"RunInstances","virtualization_type":"hvm"}}]}}},"configuration":{"provider_config":{"aws":{"name":"aws","expressions":{"region":{"constant_value":"us-east-1"}}}},"root_module":{"resources":[{"address":"aws_instance.ec2","mode":"managed","type":"aws_instance","name":"ec2","provider_config_key":"aws","expressions":{"ami":{"references":["data.aws_ami.ubuntu"]},"instance_type":{"constant_value":"t2.micro"},"subnet_id":{"references":["aws_subnet.subnet"]},"vpc_security_group_ids":{"references":["aws_security_group.default"]}},"schema_version":1,"raw_data":{"FileName":"main.tf","StartLine":60,"EndLine":66}},{"address":"aws_security_group.default","mode":"managed","type":"aws_security_group","name":"default","provider_config_key":"aws","expressions":{"description":{"constant_value":"Allow TLS inbound traffic"},"name":{"constant_value":"examplerulename"},"tags":{"constant_value":{"Name":"example_rule_with_descriptions"}},"vpc_id":{"references":["aws_vpc.vpc"]}},"schema_version":1,"raw_data":{"FileName":"main.tf","StartLine":11,"EndLine":35}},{"address":"aws_subnet.subnet","mode":"managed","type":"aws_subnet","name":"subnet","provider_config_key":"aws","expressions":{"cidr_block":{"references":["local.cidr_block"]},"vpc_id":{"references":["aws_vpc.vpc"]}},"schema_version":1,"raw_data":{"FileName":"main.tf","StartLine":37,"EndLine":41}},{"address":"aws_vpc.vpc","mode":"managed","type":"aws_vpc","name":"vpc","provider_config_key":"aws","expressions":{"cidr_block":{"references":["local.cidr_block"]}},"schema_version":1,"raw_data":{"FileName":"main.tf","StartLine":6,"EndLine":9}},{"address":"data.aws_ami.ubuntu","mode":"data","type":"aws_ami","name":"ubuntu","provider_config_key":"aws","expressions":{"filter":[{"name":{"constant_value":"name"},"values":{"constant_value":["ubuntu/images/hvm-ssd/ubuntu-xenial-16.04-amd64-server-*"]}},{"name":{"constant_value":"virtualization-type"},"values":{"constant_value":["hvm"]}}],"most_recent":{"constant_value":true},"owners":{"constant_value":["099720109477"]}},"schema_version":0,"raw_data":{"FileName":"main.tf","StartLine":44,"EndLine":58}}]}}}
