{"format_version":"0.1","terraform_version":"1.0.1-dev","planned_values":{"root_module":{"resources":[{"address":"azurerm_lb.load_balancer","mode":"managed","type":"azurerm_lb","name":"load_balancer","provider_name":"registry.terraform.io/hashicorp/azurerm","schema_version":0,"values":{"frontend_ip_configuration":[],"location":"westeurope","name":"cr3763-lbGateway","resource_group_name":"cr3763-rg","sku":"Basic","sku_tier":"Regional","tags":null,"timeouts":null}},{"address":"azurerm_resource_group.test","mode":"managed","type":"azurerm_resource_group","name":"test","provider_name":"registry.terraform.io/hashicorp/azurerm","schema_version":0,"values":{"location":"westeurope","name":"cr3763-rg","tags":null,"timeouts":null}}]}},"resource_changes":[{"address":"azurerm_lb.load_balancer","mode":"managed","type":"azurerm_lb","name":"load_balancer","provider_name":"registry.terraform.io/hashicorp/azurerm","change":{"actions":["create"],"before":null,"after":{"frontend_ip_configuration":[],"location":"westeurope","name":"cr3763-lbGateway","resource_group_name":"cr3763-rg","sku":"Basic","sku_tier":"Regional","tags":null,"timeouts":null},"after_unknown":{"frontend_ip_configuration":[],"id":true,"private_ip_address":true,"private_ip_addresses":true},"before_sensitive":false,"after_sensitive":{"frontend_ip_configuration":[],"private_ip_addresses":[]}}},{"address":"azurerm_resource_group.test","mode":"managed","type":"azurerm_resource_group","name":"test","provider_name":"registry.terraform.io/hashicorp/azurerm","change":{"actions":["create"],"before":null,"after":{"location":"westeurope","name":"cr3763-rg","tags":null,"timeouts":null},"after_unknown":{"id":true},"before_sensitive":false,"after_sensitive":{}}}],"configuration":{"provider_config":{"azurerm":{"name":"azurerm","expressions":{"features":[{}]}}},"root_module":{"resources":[{"address":"azurerm_lb.load_balancer","mode":"managed","type":"azurerm_lb","name":"load_balancer","provider_config_key":"azurerm","expressions":{"location":{"references":["azurerm_resource_group.test"]},"name":{"references":["local.name"]},"resource_group_name":{"references":["azurerm_resource_group.test"]}},"schema_version":0,"raw_data":{"FileName":"main.tf","StartLine":14,"EndLine":18}},{"address":"azurerm_resource_group.test","mode":"managed","type":"azurerm_resource_group","name":"test","provider_config_key":"azurerm","expressions":{"location":{"constant_value":"West Europe"},"name":{"references":["local.name"]}},"schema_version":0,"raw_data":{"FileName":"main.tf","StartLine":9,"EndLine":12}}]}}}
