{"format_version":"0.1","terraform_version":"0.13.4","planned_values":{"root_module":{"resources":[{"address":"aws_sqs_queue.test","mode":"managed","type":"aws_sqs_queue","name":"test","provider_name":"registry.terraform.io/hashicorp/aws","schema_version":0,"values":{"content_based_deduplication":false,"delay_seconds":0,"fifo_queue":false,"kms_master_key_id":"arn:aws:kms:us-east-1:115553109071:key/ed8cfa36-e3fe-4981-a565-ed4ecd238d50","max_message_size":262144,"message_retention_seconds":345600,"name":"sqs_encrypted","receive_wait_time_seconds":0,"redrive_policy":null,"tags":null,"visibility_timeout_seconds":30}}]}},"resource_changes":[{"address":"aws_sqs_queue.test","mode":"managed","type":"aws_sqs_queue","name":"test","provider_name":"registry.terraform.io/hashicorp/aws","change":{"actions":["create"],"before":null,"after":{"content_based_deduplication":false,"delay_seconds":0,"fifo_queue":false,"kms_master_key_id":"arn:aws:kms:us-east-1:115553109071:key/ed8cfa36-e3fe-4981-a565-ed4ecd238d50","max_message_size":262144,"message_retention_seconds":345600,"name":"sqs_encrypted","receive_wait_time_seconds":0,"redrive_policy":null,"tags":null,"visibility_timeout_seconds":30},"after_unknown":{"arn":true,"deduplication_scope":true,"fifo_throughput_limit":true,"id":true,"kms_data_key_reuse_period_seconds":true,"name_prefix":true,"policy":true,"tags_all":true,"url":true}}}],"prior_state":{"format_version":"0.1","terraform_version":"0.13.4","values":{"root_module":{"resources":[{"address":"data.aws_kms_key.by_alias","mode":"data","type":"aws_kms_key","name":"by_alias","provider_name":"registry.terraform.io/hashicorp/aws","schema_version":0,"values":{"arn":"arn:aws:kms:us-east-1:115553109071:key/ed8cfa36-e3fe-4981-a565-ed4ecd238d50","aws_account_id":"115553109071","creation_date":"2021-01-16T23:03:45Z","customer_master_key_spec":"SYMMETRIC_DEFAULT","deletion_date":"2021-06-28T16:00:53Z","description":"KMS key for SQS","enabled":false,"expiration_model":"","grant_tokens":null,"id":"ed8cfa36-e3fe-4981-a565-ed4ecd238d50","key_id":"alias/test-sqs","key_manager":"CUSTOMER","key_state":"PendingDeletion","key_usage":"ENCRYPT_DECRYPT","origin":"AWS_KMS","valid_to":null}}]}}},"configuration":{"provider_config":{"aws":{"name":"aws","expressions":{"region":{"constant_value":"us-east-1"}}}},"root_module":{"resources":[{"address":"aws_sqs_queue.test","mode":"managed","type":"aws_sqs_queue","name":"test","provider_config_key":"aws","expressions":{"kms_master_key_id":{"references":["data.aws_kms_key.by_alias"]},"name":{"constant_value":"sqs_encrypted"}},"schema_version":0,"raw_data":{"FileName":"main.tf","StartLine":5,"EndLine":8}},{"address":"data.aws_kms_key.by_alias","mode":"data","type":"aws_kms_key","name":"by_alias","provider_config_key":"aws","expressions":{"key_id":{"constant_value":"alias/test-sqs"}},"schema_version":0,"raw_data":{"FileName":"main.tf","StartLine":1,"EndLine":3}}]}}}
