{"format_version":"0.1","terraform_version":"0.12.29","planned_values":{"root_module":{"resources":[{"address":"aws_rds_cluster.test","mode":"managed","type":"aws_rds_cluster","name":"test","provider_name":"aws","schema_version":0,"values":{"allow_major_version_upgrade":null,"availability_zones":["us-east-1a","us-east-1b","us-east-1c"],"backtrack_window":null,"backup_retention_period":1,"cluster_identifier":"cloudrail-test-encrypted","copy_tags_to_snapshot":false,"database_name":"cloudrail","deletion_protection":null,"enable_http_endpoint":false,"enabled_cloudwatch_logs_exports":null,"engine":"aurora","engine_mode":"provisioned","final_snapshot_identifier":null,"global_cluster_identifier":null,"iam_database_authentication_enabled":null,"iam_roles":null,"master_password":"cloudrail-TEST-password","master_username":"administrator","replication_source_identifier":null,"restore_to_point_in_time":[],"s3_import":[],"scaling_configuration":[],"skip_final_snapshot":true,"snapshot_identifier":null,"source_region":null,"storage_encrypted":true,"tags":null,"timeouts":null}},{"address":"aws_rds_global_cluster.global","mode":"managed","type":"aws_rds_global_cluster","name":"global","provider_name":"aws","schema_version":0,"values":{"database_name":null,"deletion_protection":false,"force_destroy":true,"global_cluster_identifier":"cloudrail-test-non-encrypted","source_db_cluster_identifier":"aws_rds_cluster.test.arn"}}]}},"resource_changes":[{"address":"aws_rds_cluster.test","mode":"managed","type":"aws_rds_cluster","name":"test","provider_name":"aws","change":{"actions":["create"],"before":null,"after":{"allow_major_version_upgrade":null,"availability_zones":["us-east-1a","us-east-1b","us-east-1c"],"backtrack_window":null,"backup_retention_period":1,"cluster_identifier":"cloudrail-test-encrypted","copy_tags_to_snapshot":false,"database_name":"cloudrail","deletion_protection":null,"enable_http_endpoint":false,"enabled_cloudwatch_logs_exports":null,"engine":"aurora","engine_mode":"provisioned","final_snapshot_identifier":null,"global_cluster_identifier":null,"iam_database_authentication_enabled":null,"iam_roles":null,"master_password":"cloudrail-TEST-password","master_username":"administrator","replication_source_identifier":null,"restore_to_point_in_time":[],"s3_import":[],"scaling_configuration":[],"skip_final_snapshot":true,"snapshot_identifier":null,"source_region":null,"storage_encrypted":true,"tags":null,"timeouts":null},"after_unknown":{"apply_immediately":true,"arn":true,"availability_zones":[false,false,false],"cluster_identifier_prefix":true,"cluster_members":true,"cluster_resource_id":true,"db_cluster_parameter_group_name":true,"db_subnet_group_name":true,"endpoint":true,"engine_version":true,"hosted_zone_id":true,"id":true,"kms_key_id":true,"port":true,"preferred_backup_window":true,"preferred_maintenance_window":true,"reader_endpoint":true,"restore_to_point_in_time":[],"s3_import":[],"scaling_configuration":[],"vpc_security_group_ids":true}}},{"address":"aws_rds_global_cluster.global","mode":"managed","type":"aws_rds_global_cluster","name":"global","provider_name":"aws","change":{"actions":["create"],"before":null,"after":{"database_name":null,"deletion_protection":false,"force_destroy":true,"global_cluster_identifier":"cloudrail-test-non-encrypted","source_db_cluster_identifier":"aws_rds_cluster.test.arn"},"after_unknown":{"arn":true,"engine":true,"engine_version":true,"global_cluster_members":true,"global_cluster_resource_id":true,"id":true,"storage_encrypted":true}}}],"configuration":{"provider_config":{"aws":{"name":"aws","expressions":{"region":{"constant_value":"us-east-1"}}}},"root_module":{"resources":[{"address":"aws_rds_cluster.test","mode":"managed","type":"aws_rds_cluster","name":"test","provider_config_key":"aws","expressions":{"availability_zones":{"constant_value":["us-east-1a","us-east-1b","us-east-1c"]},"cluster_identifier":{"constant_value":"cloudrail-test-encrypted"},"database_name":{"constant_value":"cloudrail"},"master_password":{"constant_value":"cloudrail-TEST-password"},"master_username":{"constant_value":"administrator"},"skip_final_snapshot":{"constant_value":true},"storage_encrypted":{"constant_value":true}},"schema_version":0,"raw_data":{"FileName":"main.tf","StartLine":5,"EndLine":13}},{"address":"aws_rds_global_cluster.global","mode":"managed","type":"aws_rds_global_cluster","name":"global","provider_config_key":"aws","expressions":{"force_destroy":{"constant_value":true},"global_cluster_identifier":{"constant_value":"cloudrail-test-non-encrypted"},"source_db_cluster_identifier":{"references":["aws_rds_cluster.test"]}},"schema_version":0,"raw_data":{"FileName":"main.tf","StartLine":15,"EndLine":19}}]}}}
