{"format_version":"0.1","terraform_version":"0.13.4","planned_values":{"root_module":{"resources":[{"address":"aws_ecs_cluster.test","mode":"managed","type":"aws_ecs_cluster","name":"test","provider_name":"registry.terraform.io/hashicorp/aws","schema_version":0,"values":{"capacity_providers":null,"default_capacity_provider_strategy":[],"name":"ecs-insights-test","setting":[{"name":"containerInsights","value":"enabled"}],"tags":null}}]}},"resource_changes":[{"address":"aws_ecs_cluster.test","mode":"managed","type":"aws_ecs_cluster","name":"test","provider_name":"registry.terraform.io/hashicorp/aws","change":{"actions":["create"],"before":null,"after":{"capacity_providers":null,"default_capacity_provider_strategy":[],"name":"ecs-insights-test","setting":[{"name":"containerInsights","value":"enabled"}],"tags":null},"after_unknown":{"arn":true,"default_capacity_provider_strategy":[],"id":true,"setting":[{}],"tags_all":true}}}],"configuration":{"provider_config":{"aws":{"name":"aws","expressions":{"region":{"constant_value":"us-east-1"}}}},"root_module":{"resources":[{"address":"aws_ecs_cluster.test","mode":"managed","type":"aws_ecs_cluster","name":"test","provider_config_key":"aws","expressions":{"name":{"constant_value":"ecs-insights-test"},"setting":[{"name":{"constant_value":"containerInsights"},"value":{"constant_value":"enabled"}}]},"schema_version":0,"raw_data":{"FileName":"main.tf","StartLine":2,"EndLine":9}}]}}}
