{"format_version":"0.1","terraform_version":"0.13.4","planned_values":{"root_module":{"resources":[{"address":"aws_globalaccelerator_accelerator.test","mode":"managed","type":"aws_globalaccelerator_accelerator","name":"test","provider_name":"registry.terraform.io/hashicorp/aws","schema_version":0,"values":{"attributes":[{"flow_logs_enabled":false,"flow_logs_s3_bucket":"aws_s3_bucket.logging.id","flow_logs_s3_prefix":"flow-logs/"}],"enabled":true,"ip_address_type":"IPV4","name":"tes-flow-logs","tags":null,"timeouts":null}},{"address":"aws_s3_bucket.logging","mode":"managed","type":"aws_s3_bucket","name":"logging","provider_name":"registry.terraform.io/hashicorp/aws","schema_version":0,"values":{"acl":"private","bucket_prefix":null,"cors_rule":[],"force_destroy":true,"grant":[],"lifecycle_rule":[],"logging":[],"object_lock_configuration":[],"policy":null,"replication_configuration":[],"server_side_encryption_configuration":[],"tags":null,"versioning":[],"website":[]}}]}},"resource_changes":[{"address":"aws_globalaccelerator_accelerator.test","mode":"managed","type":"aws_globalaccelerator_accelerator","name":"test","provider_name":"registry.terraform.io/hashicorp/aws","change":{"actions":["create"],"before":null,"after":{"attributes":[{"flow_logs_enabled":false,"flow_logs_s3_bucket":"aws_s3_bucket.logging.id","flow_logs_s3_prefix":"flow-logs/"}],"enabled":true,"ip_address_type":"IPV4","name":"tes-flow-logs","tags":null,"timeouts":null},"after_unknown":{"attributes":[{}],"dns_name":true,"hosted_zone_id":true,"id":true,"ip_sets":true,"tags_all":true}}},{"address":"aws_s3_bucket.logging","mode":"managed","type":"aws_s3_bucket","name":"logging","provider_name":"registry.terraform.io/hashicorp/aws","change":{"actions":["create"],"before":null,"after":{"acl":"private","bucket_prefix":null,"cors_rule":[],"force_destroy":true,"grant":[],"lifecycle_rule":[],"logging":[],"object_lock_configuration":[],"policy":null,"replication_configuration":[],"server_side_encryption_configuration":[],"tags":null,"versioning":[],"website":[]},"after_unknown":{"acceleration_status":true,"arn":true,"bucket":true,"bucket_domain_name":true,"bucket_regional_domain_name":true,"cors_rule":[],"grant":[],"hosted_zone_id":true,"id":true,"lifecycle_rule":[],"logging":[],"object_lock_configuration":[],"region":true,"replication_configuration":[],"request_payer":true,"server_side_encryption_configuration":[],"tags_all":true,"versioning":[],"website":[],"website_domain":true,"website_endpoint":true}}}],"configuration":{"provider_config":{"aws":{"name":"aws","expressions":{"region":{"constant_value":"us-east-1"}}}},"root_module":{"resources":[{"address":"aws_globalaccelerator_accelerator.test","mode":"managed","type":"aws_globalaccelerator_accelerator","name":"test","provider_config_key":"aws","expressions":{"attributes":[{"flow_logs_enabled":{"constant_value":false},"flow_logs_s3_bucket":{"references":["aws_s3_bucket.logging"]},"flow_logs_s3_prefix":{"constant_value":"flow-logs/"}}],"enabled":{"constant_value":true},"ip_address_type":{"constant_value":"IPV4"},"name":{"constant_value":"tes-flow-logs"}},"schema_version":0,"raw_data":{"FileName":"main.tf","StartLine":10,"EndLine":20}},{"address":"aws_s3_bucket.logging","mode":"managed","type":"aws_s3_bucket","name":"logging","provider_config_key":"aws","expressions":{"acl":{"constant_value":"private"},"force_destroy":{"constant_value":true}},"schema_version":0,"raw_data":{"FileName":"main.tf","StartLine":5,"EndLine":8}}]}}}
