{"format_version":"0.1","terraform_version":"0.12.29","planned_values":{"root_module":{"child_modules":[{"resources":[{"address":"module.test_module.aws_secretsmanager_secret.not_secure_policy","mode":"managed","type":"aws_secretsmanager_secret","name":"not_secure_policy","provider_name":"aws","schema_version":0,"values":{"description":null,"kms_key_id":null,"name":"not_secure_secret","recovery_window_in_days":30,"tags":null}},{"address":"module.test_module.aws_secretsmanager_secret_policy.example","mode":"managed","type":"aws_secretsmanager_secret_policy","name":"example","provider_name":"aws","schema_version":0,"values":{"block_public_policy":null,"policy":"{\n  \"Version\": \"2012-10-17\",\n  \"Statement\": [\n    {\n      \"Sid\": \"EnableAllPermissions\",\n      \"Effect\": \"Allow\",\n      \"Principal\": {\n        \"AWS\": \"*\"\n      },\n      \"Action\": \"secretsmanager:*\",\n      \"Resource\": \"*\"\n    }\n  ]\n}\n","secret_arn":"module.test_module.aws_secretsmanager_secret.not_secure_policy.arn"}}],"address":"module.test_module"}]}},"resource_changes":[{"address":"module.test_module.aws_secretsmanager_secret.not_secure_policy","module_address":"module.test_module","mode":"managed","type":"aws_secretsmanager_secret","name":"not_secure_policy","provider_name":"aws","change":{"actions":["create"],"before":null,"after":{"description":null,"kms_key_id":null,"name":"not_secure_secret","recovery_window_in_days":30,"tags":null},"after_unknown":{"arn":true,"id":true,"name_prefix":true,"policy":true,"rotation_enabled":true,"rotation_lambda_arn":true,"rotation_rules":true}}},{"address":"module.test_module.aws_secretsmanager_secret_policy.example","module_address":"module.test_module","mode":"managed","type":"aws_secretsmanager_secret_policy","name":"example","provider_name":"aws","change":{"actions":["create"],"before":null,"after":{"block_public_policy":null,"policy":"{\n  \"Version\": \"2012-10-17\",\n  \"Statement\": [\n    {\n      \"Sid\": \"EnableAllPermissions\",\n      \"Effect\": \"Allow\",\n      \"Principal\": {\n        \"AWS\": \"*\"\n      },\n      \"Action\": \"secretsmanager:*\",\n      \"Resource\": \"*\"\n    }\n  ]\n}\n","secret_arn":"module.test_module.aws_secretsmanager_secret.not_secure_policy.arn"},"after_unknown":{"id":true}}}],"configuration":{"provider_config":{"aws":{"name":"aws","version_constraint":"3.22.0","expressions":{"region":{"constant_value":"us-east-1"}}},"test_module:aws":{"name":"aws","module_address":"test_module","expressions":{"region":{"constant_value":"us-east-1"}}}},"root_module":{"module_calls":{"test_module":{"source":"./secrets_manager/not_secure_policy","module":{"resources":[{"address":"aws_secretsmanager_secret.not_secure_policy","mode":"managed","type":"aws_secretsmanager_secret","name":"not_secure_policy","provider_config_key":"test_module:aws","expressions":{"name":{"constant_value":"not_secure_secret"}},"schema_version":0,"raw_data":{"FileName":"secrets_manager/not_secure_policy/main.tf","StartLine":5,"EndLine":7}},{"address":"aws_secretsmanager_secret_policy.example","mode":"managed","type":"aws_secretsmanager_secret_policy","name":"example","provider_config_key":"test_module:aws","expressions":{"policy":{"constant_value":"{\n  \"Version\": \"2012-10-17\",\n  \"Statement\": [\n    {\n      \"Sid\": \"EnableAllPermissions\",\n      \"Effect\": \"Allow\",\n      \"Principal\": {\n        \"AWS\": \"*\"\n      },\n      \"Action\": \"secretsmanager:*\",\n      \"Resource\": \"*\"\n    }\n  ]\n}\n"},"secret_arn":{"references":["aws_secretsmanager_secret.not_secure_policy"]}},"schema_version":0,"raw_data":{"FileName":"secrets_manager/not_secure_policy/main.tf","StartLine":9,"EndLine":28}}]},"raw_data":{"FileName":"main.tf","StartLine":7,"EndLine":9}}}}}}
