{"format_version":"0.1","terraform_version":"0.13.4","planned_values":{"root_module":{"resources":[{"address":"aws_neptune_cluster.test-tags","mode":"managed","type":"aws_neptune_cluster","name":"test-tags","provider_name":"registry.terraform.io/hashicorp/aws","schema_version":0,"values":{"apply_immediately":true,"backup_retention_period":1,"cluster_identifier":"cloudrail-test-encrypted","copy_tags_to_snapshot":null,"deletion_protection":null,"enable_cloudwatch_logs_exports":null,"engine":"neptune","final_snapshot_identifier":null,"iam_database_authentication_enabled":null,"iam_roles":null,"neptune_cluster_parameter_group_name":"default.neptune1","port":8182,"replication_source_identifier":null,"skip_final_snapshot":true,"snapshot_identifier":null,"storage_encrypted":true,"tags":{"Env":"Cloudrail Rocks","Name":"testing-tags","Type":"Neptune_cluster"},"tags_all":{"Env":"Cloudrail Rocks","Name":"testing-tags","Type":"Neptune_cluster"},"timeouts":null}},{"address":"aws_neptune_cluster_instance.test-tags[0]","mode":"managed","type":"aws_neptune_cluster_instance","name":"test-tags","index":0,"provider_name":"registry.terraform.io/hashicorp/aws","schema_version":0,"values":{"apply_immediately":true,"auto_minor_version_upgrade":true,"cluster_identifier":"aws_neptune_cluster.test-tags.id","engine":"neptune","instance_class":"db.r4.large","neptune_parameter_group_name":"default.neptune1","port":8182,"promotion_tier":0,"publicly_accessible":false,"tags":{"Env":"Cloudrail Rocks","Name":"testing-tags","Type":"Neptune_instance"},"tags_all":{"Env":"Cloudrail Rocks","Name":"testing-tags","Type":"Neptune_instance"},"timeouts":null}}]}},"resource_changes":[{"address":"aws_neptune_cluster.test-tags","mode":"managed","type":"aws_neptune_cluster","name":"test-tags","provider_name":"registry.terraform.io/hashicorp/aws","change":{"actions":["create"],"before":null,"after":{"apply_immediately":true,"backup_retention_period":1,"cluster_identifier":"cloudrail-test-encrypted","copy_tags_to_snapshot":null,"deletion_protection":null,"enable_cloudwatch_logs_exports":null,"engine":"neptune","final_snapshot_identifier":null,"iam_database_authentication_enabled":null,"iam_roles":null,"neptune_cluster_parameter_group_name":"default.neptune1","port":8182,"replication_source_identifier":null,"skip_final_snapshot":true,"snapshot_identifier":null,"storage_encrypted":true,"tags":{"Env":"Cloudrail Rocks","Name":"testing-tags","Type":"Neptune_cluster"},"tags_all":{"Env":"Cloudrail Rocks","Name":"testing-tags","Type":"Neptune_cluster"},"timeouts":null},"after_unknown":{"arn":true,"availability_zones":true,"cluster_identifier_prefix":true,"cluster_members":true,"cluster_resource_id":true,"endpoint":true,"engine_version":true,"hosted_zone_id":true,"id":true,"kms_key_arn":true,"neptune_subnet_group_name":true,"preferred_backup_window":true,"preferred_maintenance_window":true,"reader_endpoint":true,"tags":{},"tags_all":{},"vpc_security_group_ids":true}}},{"address":"aws_neptune_cluster_instance.test-tags[0]","mode":"managed","type":"aws_neptune_cluster_instance","name":"test-tags","index":0,"provider_name":"registry.terraform.io/hashicorp/aws","change":{"actions":["create"],"before":null,"after":{"apply_immediately":true,"auto_minor_version_upgrade":true,"cluster_identifier":"aws_neptune_cluster.test-tags.id","engine":"neptune","instance_class":"db.r4.large","neptune_parameter_group_name":"default.neptune1","port":8182,"promotion_tier":0,"publicly_accessible":false,"tags":{"Env":"Cloudrail Rocks","Name":"testing-tags","Type":"Neptune_instance"},"tags_all":{"Env":"Cloudrail Rocks","Name":"testing-tags","Type":"Neptune_instance"},"timeouts":null},"after_unknown":{"address":true,"arn":true,"availability_zone":true,"dbi_resource_id":true,"endpoint":true,"engine_version":true,"id":true,"identifier":true,"identifier_prefix":true,"kms_key_arn":true,"neptune_subnet_group_name":true,"preferred_backup_window":true,"preferred_maintenance_window":true,"storage_encrypted":true,"tags":{},"tags_all":{},"writer":true}}}],"configuration":{"root_module":{"resources":[{"address":"aws_neptune_cluster.test-tags","mode":"managed","type":"aws_neptune_cluster","name":"test-tags","provider_config_key":"aws","expressions":{"apply_immediately":{"constant_value":true},"cluster_identifier":{"constant_value":"cloudrail-test-encrypted"},"engine":{"constant_value":"neptune"},"skip_final_snapshot":{"constant_value":true},"storage_encrypted":{"constant_value":true},"tags":{"constant_value":{"Env":"Cloudrail Rocks","Name":"testing-tags","Type":"Neptune_cluster"}}},"schema_version":0,"raw_data":{"FileName":"main.tf","StartLine":2,"EndLine":13}},{"address":"aws_neptune_cluster_instance.test-tags","mode":"managed","type":"aws_neptune_cluster_instance","name":"test-tags","provider_config_key":"aws","expressions":{"apply_immediately":{"constant_value":true},"cluster_identifier":{"references":["aws_neptune_cluster.test-tags"]},"engine":{"constant_value":"neptune"},"instance_class":{"constant_value":"db.r4.large"},"tags":{"constant_value":{"Env":"Cloudrail Rocks","Name":"testing-tags","Type":"Neptune_instance"}}},"schema_version":0,"count_expression":{"constant_value":1},"raw_data":{"FileName":"main.tf","StartLine":15,"EndLine":26}}]}}}
