{"format_version":"0.2","terraform_version":"1.0.11","planned_values":{"root_module":{"resources":[{"address":"google_storage_bucket.test-bucket","mode":"managed","type":"google_storage_bucket","name":"test-bucket-3767","provider_name":"registry.terraform.io/hashicorp/google","schema_version":0,"values":{"cors":[],"default_event_based_hold":null,"encryption":[],"force_destroy":false,"labels":null,"lifecycle_rule":[],"location":"EU","logging":[],"name":"test-bucket-3767","requester_pays":null,"retention_policy":[],"storage_class":"STANDARD","versioning":[],"website":[]},"sensitive_values":{"cors":[],"encryption":[],"lifecycle_rule":[],"logging":[],"retention_policy":[],"versioning":[],"website":[]}}]}},"resource_changes":[{"address":"google_storage_bucket.test-bucket","mode":"managed","type":"google_storage_bucket","name":"test-bucket-3767","provider_name":"registry.terraform.io/hashicorp/google","change":{"actions":["create"],"before":null,"after":{"cors":[],"default_event_based_hold":null,"encryption":[],"force_destroy":false,"labels":null,"lifecycle_rule":[],"location":"EU","logging":[],"name":"test-bucket-3767","requester_pays":null,"retention_policy":[],"storage_class":"STANDARD","versioning":[],"website":[]},"after_unknown":{"cors":[],"encryption":[],"id":true,"lifecycle_rule":[],"logging":[],"project":true,"retention_policy":[],"self_link":true,"uniform_bucket_level_access":true,"url":true,"versioning":[],"website":[]},"before_sensitive":false,"after_sensitive":{"cors":[],"encryption":[],"lifecycle_rule":[],"logging":[],"retention_policy":[],"versioning":[],"website":[]}}}],"configuration":{"root_module":{"resources":[{"address":"google_storage_bucket.test-bucket","mode":"managed","type":"google_storage_bucket","name":"test-bucket-3767","provider_config_key":"google","expressions":{"location":{"constant_value":"EU"},"name":{"constant_value":"test-bucket-3767"}},"schema_version":0}]}}}
