{"format_version":"0.1","terraform_version":"0.13.4","planned_values":{"root_module":{"resources":[{"address":"aws_elasticache_cluster.replica","mode":"managed","type":"aws_elasticache_cluster","name":"replica","provider_name":"registry.terraform.io/hashicorp/aws","schema_version":0,"values":{"cluster_id":"cluster-example","final_snapshot_identifier":null,"notification_topic_arn":null,"preferred_availability_zones":null,"replication_group_id":"tf-rep-group-1-encrypted","snapshot_arns":null,"snapshot_name":null,"snapshot_retention_limit":null,"tags":null}},{"address":"aws_elasticache_replication_group.cloudrail","mode":"managed","type":"aws_elasticache_replication_group","name":"cloudrail","provider_name":"registry.terraform.io/hashicorp/aws","schema_version":1,"values":{"at_rest_encryption_enabled":true,"auth_token":null,"auto_minor_version_upgrade":true,"automatic_failover_enabled":true,"availability_zones":["us-east-1a","us-east-1b"],"cluster_mode":[],"engine":"redis","final_snapshot_identifier":null,"kms_key_id":null,"multi_az_enabled":false,"node_type":"cache.m4.large","notification_topic_arn":null,"number_cache_clusters":2,"port":null,"replication_group_description":"Encrypted","replication_group_id":"tf-rep-group-1-encrypted","snapshot_arns":null,"snapshot_name":null,"snapshot_retention_limit":null,"tags":null,"timeouts":null}}]}},"resource_changes":[{"address":"aws_elasticache_cluster.replica","mode":"managed","type":"aws_elasticache_cluster","name":"replica","provider_name":"registry.terraform.io/hashicorp/aws","change":{"actions":["create"],"before":null,"after":{"cluster_id":"cluster-example","final_snapshot_identifier":null,"notification_topic_arn":null,"preferred_availability_zones":null,"replication_group_id":"tf-rep-group-1-encrypted","snapshot_arns":null,"snapshot_name":null,"snapshot_retention_limit":null,"tags":null},"after_unknown":{"apply_immediately":true,"arn":true,"availability_zone":true,"az_mode":true,"cache_nodes":true,"cluster_address":true,"configuration_endpoint":true,"engine":true,"engine_version":true,"engine_version_actual":true,"id":true,"maintenance_window":true,"node_type":true,"num_cache_nodes":true,"parameter_group_name":true,"port":true,"security_group_ids":true,"security_group_names":true,"snapshot_window":true,"subnet_group_name":true,"tags_all":true}}},{"address":"aws_elasticache_replication_group.cloudrail","mode":"managed","type":"aws_elasticache_replication_group","name":"cloudrail","provider_name":"registry.terraform.io/hashicorp/aws","change":{"actions":["create"],"before":null,"after":{"at_rest_encryption_enabled":true,"auth_token":null,"auto_minor_version_upgrade":true,"automatic_failover_enabled":true,"availability_zones":["us-east-1a","us-east-1b"],"cluster_mode":[],"engine":"redis","final_snapshot_identifier":null,"kms_key_id":null,"multi_az_enabled":false,"node_type":"cache.m4.large","notification_topic_arn":null,"number_cache_clusters":2,"port":null,"replication_group_description":"Encrypted","replication_group_id":"tf-rep-group-1-encrypted","snapshot_arns":null,"snapshot_name":null,"snapshot_retention_limit":null,"tags":null,"timeouts":null},"after_unknown":{"apply_immediately":true,"arn":true,"availability_zones":[false,false],"cluster_enabled":true,"cluster_mode":[],"configuration_endpoint_address":true,"engine_version":true,"engine_version_actual":true,"global_replication_group_id":true,"id":true,"maintenance_window":true,"member_clusters":true,"parameter_group_name":true,"primary_endpoint_address":true,"reader_endpoint_address":true,"security_group_ids":true,"security_group_names":true,"snapshot_window":true,"subnet_group_name":true,"tags_all":true,"transit_encryption_enabled":true}}}],"configuration":{"provider_config":{"aws":{"name":"aws","expressions":{"region":{"constant_value":"us-east-1"}}}},"root_module":{"resources":[{"address":"aws_elasticache_cluster.replica","mode":"managed","type":"aws_elasticache_cluster","name":"replica","provider_config_key":"aws","expressions":{"cluster_id":{"constant_value":"cluster-example"},"replication_group_id":{"references":["aws_elasticache_replication_group.cloudrail"]}},"schema_version":0,"raw_data":{"FileName":"main.tf","StartLine":12,"EndLine":15}},{"address":"aws_elasticache_replication_group.cloudrail","mode":"managed","type":"aws_elasticache_replication_group","name":"cloudrail","provider_config_key":"aws","expressions":{"at_rest_encryption_enabled":{"constant_value":true},"automatic_failover_enabled":{"constant_value":true},"availability_zones":{"constant_value":["us-east-1a","us-east-1b"]},"node_type":{"constant_value":"cache.m4.large"},"number_cache_clusters":{"constant_value":2},"replication_group_description":{"constant_value":"Encrypted"},"replication_group_id":{"constant_value":"tf-rep-group-1-encrypted"}},"schema_version":1,"raw_data":{"FileName":"main.tf","StartLine":2,"EndLine":10}}]}}}
