{"format_version":"0.1","terraform_version":"0.12.29","planned_values":{"root_module":{"resources":[{"address":"aws_iam_role.iam_for_lambda","mode":"managed","type":"aws_iam_role","name":"iam_for_lambda","provider_name":"aws","schema_version":0,"values":{"assume_role_policy":"{\"Statement\":[{\"Action\":\"sts:AssumeRole\",\"Effect\":\"Allow\",\"Principal\":{\"Service\":\"lambda.amazonaws.com\"},\"Sid\":\"\"}],\"Version\":\"2012-10-17\"}","description":null,"force_detach_policies":false,"inline_policy":[{"name":"my_inline_policy","policy":"{\"Statement\":[{\"Action\":[\"ec2:DescribeInstances\"],\"Effect\":\"Allow\",\"Resource\":\"*\"}],\"Version\":\"2012-10-17\"}"}],"max_session_duration":3600,"name":"iam_for_lambda","name_prefix":null,"path":"/","permissions_boundary":null,"tags":null}},{"address":"aws_lambda_function.test_lambda","mode":"managed","type":"aws_lambda_function","name":"test_lambda","provider_name":"aws","schema_version":0,"values":{"code_signing_config_arn":null,"dead_letter_config":[],"description":null,"environment":[],"file_system_config":[],"filename":"lambdatest.zip","function_name":"lambda_function_name","handler":"exports.handler","image_config":[],"image_uri":null,"kms_key_arn":null,"layers":null,"memory_size":128,"package_type":"Zip","publish":false,"reserved_concurrent_executions":-1,"role":"aws_iam_role.iam_for_lambda.arn","runtime":"python3.6","s3_bucket":null,"s3_key":null,"s3_object_version":null,"tags":null,"timeout":3,"timeouts":null,"vpc_config":[]}},{"address":"aws_lambda_permission.allow_cloudwatch","mode":"managed","type":"aws_lambda_permission","name":"allow_cloudwatch","provider_name":"aws","schema_version":0,"values":{"action":"lambda:InvokeFunction","event_source_token":null,"function_name":"lambda_function_name","principal":"events.amazonaws.com","qualifier":null,"source_account":null,"source_arn":null,"statement_id":"AllowExecutionFromCloudWatch","statement_id_prefix":null}}]}},"resource_changes":[{"address":"aws_iam_role.iam_for_lambda","mode":"managed","type":"aws_iam_role","name":"iam_for_lambda","provider_name":"aws","change":{"actions":["create"],"before":null,"after":{"assume_role_policy":"{\"Statement\":[{\"Action\":\"sts:AssumeRole\",\"Effect\":\"Allow\",\"Principal\":{\"Service\":\"lambda.amazonaws.com\"},\"Sid\":\"\"}],\"Version\":\"2012-10-17\"}","description":null,"force_detach_policies":false,"inline_policy":[{"name":"my_inline_policy","policy":"{\"Statement\":[{\"Action\":[\"ec2:DescribeInstances\"],\"Effect\":\"Allow\",\"Resource\":\"*\"}],\"Version\":\"2012-10-17\"}"}],"max_session_duration":3600,"name":"iam_for_lambda","name_prefix":null,"path":"/","permissions_boundary":null,"tags":null},"after_unknown":{"arn":true,"create_date":true,"id":true,"inline_policy":[{}],"managed_policy_arns":true,"unique_id":true}}},{"address":"aws_lambda_function.test_lambda","mode":"managed","type":"aws_lambda_function","name":"test_lambda","provider_name":"aws","change":{"actions":["create"],"before":null,"after":{"code_signing_config_arn":null,"dead_letter_config":[],"description":null,"environment":[],"file_system_config":[],"filename":"lambdatest.zip","function_name":"lambda_function_name","handler":"exports.handler","image_config":[],"image_uri":null,"kms_key_arn":null,"layers":null,"memory_size":128,"package_type":"Zip","publish":false,"reserved_concurrent_executions":-1,"role":"aws_iam_role.iam_for_lambda.arn","runtime":"python3.6","s3_bucket":null,"s3_key":null,"s3_object_version":null,"tags":null,"timeout":3,"timeouts":null,"vpc_config":[]},"after_unknown":{"arn":true,"dead_letter_config":[],"environment":[],"file_system_config":[],"id":true,"image_config":[],"invoke_arn":true,"last_modified":true,"qualified_arn":true,"signing_job_arn":true,"signing_profile_version_arn":true,"source_code_hash":true,"source_code_size":true,"tracing_config":true,"version":true,"vpc_config":[]}}},{"address":"aws_lambda_permission.allow_cloudwatch","mode":"managed","type":"aws_lambda_permission","name":"allow_cloudwatch","provider_name":"aws","change":{"actions":["create"],"before":null,"after":{"action":"lambda:InvokeFunction","event_source_token":null,"function_name":"lambda_function_name","principal":"events.amazonaws.com","qualifier":null,"source_account":null,"source_arn":null,"statement_id":"AllowExecutionFromCloudWatch","statement_id_prefix":null},"after_unknown":{"id":true}}}],"configuration":{"provider_config":{"aws":{"name":"aws","expressions":{"region":{"constant_value":"us-east-1"}}}},"root_module":{"resources":[{"address":"aws_iam_role.iam_for_lambda","mode":"managed","type":"aws_iam_role","name":"iam_for_lambda","provider_config_key":"aws","expressions":{"assume_role_policy":{},"inline_policy":[{"name":{"constant_value":"my_inline_policy"},"policy":{}}],"name":{"constant_value":"iam_for_lambda"}},"schema_version":0,"raw_data":{"FileName":"main.tf","StartLine":20,"EndLine":50}},{"address":"aws_lambda_function.test_lambda","mode":"managed","type":"aws_lambda_function","name":"test_lambda","provider_config_key":"aws","expressions":{"filename":{"constant_value":"lambdatest.zip"},"function_name":{"constant_value":"lambda_function_name"},"handler":{"constant_value":"exports.handler"},"role":{"references":["aws_iam_role.iam_for_lambda"]},"runtime":{"constant_value":"python3.6"}},"schema_version":0,"raw_data":{"FileName":"main.tf","StartLine":12,"EndLine":18}},{"address":"aws_lambda_permission.allow_cloudwatch","mode":"managed","type":"aws_lambda_permission","name":"allow_cloudwatch","provider_config_key":"aws","expressions":{"action":{"constant_value":"lambda:InvokeFunction"},"function_name":{"references":["aws_lambda_function.test_lambda"]},"principal":{"constant_value":"events.amazonaws.com"},"statement_id":{"constant_value":"AllowExecutionFromCloudWatch"}},"schema_version":0,"raw_data":{"FileName":"main.tf","StartLine":6,"EndLine":11}}]}}}
