{"format_version":"0.1","terraform_version":"0.12.29","planned_values":{"root_module":{"resources":[{"address":"aws_iam_role.lambda-role","mode":"managed","type":"aws_iam_role","name":"lambda-role","provider_name":"aws","schema_version":0,"values":{"assume_role_policy":"{\n  \"Version\": \"2012-10-17\",\n  \"Statement\": [\n    {\n      \"Action\": \"sts:AssumeRole\",\n      \"Principal\": {\n        \"Service\": \"lambda.amazonaws.com\"\n      },\n      \"Effect\": \"Allow\",\n      \"Sid\": \"\"\n    }\n  ]\n}\n","description":null,"force_detach_policies":false,"max_session_duration":3600,"name":"lambda-role","name_prefix":null,"path":"/","permissions_boundary":null,"tags":null}},{"address":"aws_lambda_alias.my-lambda-alias","mode":"managed","type":"aws_lambda_alias","name":"my-lambda-alias","provider_name":"aws","schema_version":0,"values":{"description":"a sample description","function_name":"my-lambda","function_version":"$LATEST","name":"v1","routing_config":[]}},{"address":"aws_lambda_function.my-lambda","mode":"managed","type":"aws_lambda_function","name":"my-lambda","provider_name":"aws","schema_version":0,"values":{"code_signing_config_arn":null,"dead_letter_config":[],"description":null,"environment":[],"file_system_config":[],"filename":"~/Downloads/lambda.json.zip","function_name":"my-lambda","handler":"lambda_function.lambda_handler","image_config":[],"image_uri":null,"kms_key_arn":null,"layers":null,"memory_size":128,"package_type":"Zip","publish":false,"reserved_concurrent_executions":-1,"role":"aws_iam_role.lambda-role.arn","runtime":"python3.8","s3_bucket":null,"s3_key":null,"s3_object_version":null,"tags":null,"timeout":3,"timeouts":null,"vpc_config":[]}},{"address":"aws_lambda_permission.all","mode":"managed","type":"aws_lambda_permission","name":"all","provider_name":"aws","schema_version":0,"values":{"action":"lambda:*","event_source_token":null,"function_name":"my-lambda","principal":"s3.amazonaws.com","qualifier":null,"source_account":"111111111111","source_arn":"arn:aws:s3:::delete-me-us-east-1-permissions-tests","statement_id":"AllowAllResources","statement_id_prefix":null}}]}},"resource_changes":[{"address":"aws_iam_role.lambda-role","mode":"managed","type":"aws_iam_role","name":"lambda-role","provider_name":"aws","change":{"actions":["create"],"before":null,"after":{"assume_role_policy":"{\n  \"Version\": \"2012-10-17\",\n  \"Statement\": [\n    {\n      \"Action\": \"sts:AssumeRole\",\n      \"Principal\": {\n        \"Service\": \"lambda.amazonaws.com\"\n      },\n      \"Effect\": \"Allow\",\n      \"Sid\": \"\"\n    }\n  ]\n}\n","description":null,"force_detach_policies":false,"max_session_duration":3600,"name":"lambda-role","name_prefix":null,"path":"/","permissions_boundary":null,"tags":null},"after_unknown":{"arn":true,"create_date":true,"id":true,"inline_policy":true,"managed_policy_arns":true,"unique_id":true}}},{"address":"aws_lambda_alias.my-lambda-alias","mode":"managed","type":"aws_lambda_alias","name":"my-lambda-alias","provider_name":"aws","change":{"actions":["create"],"before":null,"after":{"description":"a sample description","function_name":"my-lambda","function_version":"$LATEST","name":"v1","routing_config":[]},"after_unknown":{"arn":true,"id":true,"invoke_arn":true,"routing_config":[]}}},{"address":"aws_lambda_function.my-lambda","mode":"managed","type":"aws_lambda_function","name":"my-lambda","provider_name":"aws","change":{"actions":["create"],"before":null,"after":{"code_signing_config_arn":null,"dead_letter_config":[],"description":null,"environment":[],"file_system_config":[],"filename":"~/Downloads/lambda.json.zip","function_name":"my-lambda","handler":"lambda_function.lambda_handler","image_config":[],"image_uri":null,"kms_key_arn":null,"layers":null,"memory_size":128,"package_type":"Zip","publish":false,"reserved_concurrent_executions":-1,"role":"aws_iam_role.lambda-role.arn","runtime":"python3.8","s3_bucket":null,"s3_key":null,"s3_object_version":null,"tags":null,"timeout":3,"timeouts":null,"vpc_config":[]},"after_unknown":{"arn":true,"dead_letter_config":[],"environment":[],"file_system_config":[],"id":true,"image_config":[],"invoke_arn":true,"last_modified":true,"qualified_arn":true,"signing_job_arn":true,"signing_profile_version_arn":true,"source_code_hash":true,"source_code_size":true,"tracing_config":true,"version":true,"vpc_config":[]}}},{"address":"aws_lambda_permission.all","mode":"managed","type":"aws_lambda_permission","name":"all","provider_name":"aws","change":{"actions":["create"],"before":null,"after":{"action":"lambda:*","event_source_token":null,"function_name":"my-lambda","principal":"s3.amazonaws.com","qualifier":null,"source_account":"111111111111","source_arn":"arn:aws:s3:::delete-me-us-east-1-permissions-tests","statement_id":"AllowAllResources","statement_id_prefix":null},"after_unknown":{"id":true}}}],"configuration":{"provider_config":{"aws":{"name":"aws","expressions":{"region":{"constant_value":"us-east-1"}}}},"root_module":{"resources":[{"address":"aws_iam_role.lambda-role","mode":"managed","type":"aws_iam_role","name":"lambda-role","provider_config_key":"aws","expressions":{"assume_role_policy":{"constant_value":"{\n  \"Version\": \"2012-10-17\",\n  \"Statement\": [\n    {\n      \"Action\": \"sts:AssumeRole\",\n      \"Principal\": {\n        \"Service\": \"lambda.amazonaws.com\"\n      },\n      \"Effect\": \"Allow\",\n      \"Sid\": \"\"\n    }\n  ]\n}\n"},"name":{"constant_value":"lambda-role"}},"schema_version":0,"raw_data":{"FileName":"main.tf","StartLine":13,"EndLine":31}},{"address":"aws_lambda_alias.my-lambda-alias","mode":"managed","type":"aws_lambda_alias","name":"my-lambda-alias","provider_config_key":"aws","expressions":{"description":{"constant_value":"a sample description"},"function_name":{"references":["aws_lambda_function.my-lambda"]},"function_version":{"constant_value":"$LATEST"},"name":{"constant_value":"v1"}},"schema_version":0,"raw_data":{"FileName":"main.tf","StartLine":43,"EndLine":48}},{"address":"aws_lambda_function.my-lambda","mode":"managed","type":"aws_lambda_function","name":"my-lambda","provider_config_key":"aws","expressions":{"filename":{"constant_value":"~/Downloads/lambda.json.zip"},"function_name":{"constant_value":"my-lambda"},"handler":{"constant_value":"lambda_function.lambda_handler"},"role":{"references":["aws_iam_role.lambda-role"]},"runtime":{"constant_value":"python3.8"}},"schema_version":0,"raw_data":{"FileName":"main.tf","StartLine":5,"EndLine":11}},{"address":"aws_lambda_permission.all","mode":"managed","type":"aws_lambda_permission","name":"all","provider_config_key":"aws","expressions":{"action":{"constant_value":"lambda:*"},"function_name":{"references":["aws_lambda_function.my-lambda"]},"principal":{"constant_value":"s3.amazonaws.com"},"source_account":{"constant_value":"111111111111"},"source_arn":{"constant_value":"arn:aws:s3:::delete-me-us-east-1-permissions-tests"},"statement_id":{"constant_value":"AllowAllResources"}},"schema_version":0,"raw_data":{"FileName":"main.tf","StartLine":33,"EndLine":40}}]}}}
