{"format_version":"0.1","terraform_version":"0.12.29","planned_values":{"root_module":{"child_modules":[{"resources":[{"address":"module.test_module.aws_internet_gateway.igw1","mode":"managed","type":"aws_internet_gateway","name":"igw1","provider_name":"aws","schema_version":0,"values":{"tags":null,"vpc_id":"module.test_module.aws_vpc.vpc1.id"}},{"address":"module.test_module.aws_lb.alb_test","mode":"managed","type":"aws_lb","name":"alb_test","provider_name":"aws","schema_version":0,"values":{"access_logs":[],"drop_invalid_header_fields":false,"enable_cross_zone_load_balancing":null,"enable_deletion_protection":false,"enable_http2":true,"idle_timeout":60,"load_balancer_type":"application","name_prefix":null,"subnets":["module.test_module.aws_subnet.subnet1.id","module.test_module.aws_subnet.subnet2.id"],"tags":null,"timeouts":null}},{"address":"module.test_module.aws_lb_listener.lb_listener_test","mode":"managed","type":"aws_lb_listener","name":"lb_listener_test","provider_name":"aws","schema_version":0,"values":{"certificate_arn":null,"default_action":[{"authenticate_cognito":[],"authenticate_oidc":[],"fixed_response":[],"forward":[],"redirect":[{"host":"#{host}","path":"/#{path}","port":"443","protocol":"HTTPS","query":"#{query}","status_code":"HTTP_301"}],"target_group_arn":null,"type":"redirect"}],"load_balancer_arn":"module.test_module.aws_lb.alb_test.arn","port":80,"protocol":"HTTP","timeouts":null}},{"address":"module.test_module.aws_lb_target_group.test","mode":"managed","type":"aws_lb_target_group","name":"test","provider_name":"aws","schema_version":0,"values":{"deregistration_delay":300,"lambda_multi_value_headers_enabled":false,"name_prefix":null,"port":80,"protocol":"HTTP","proxy_protocol_v2":false,"slow_start":0,"tags":null,"target_type":"instance","vpc_id":"module.test_module.aws_vpc.vpc1.id"}},{"address":"module.test_module.aws_route_table.rt1","mode":"managed","type":"aws_route_table","name":"rt1","provider_name":"aws","schema_version":0,"values":{"route":[{"cidr_block":"0.0.0.0/0","egress_only_gateway_id":"","gateway_id":"module.test_module.aws_internet_gateway.igw1.id","instance_id":"","ipv6_cidr_block":"","nat_gateway_id":"","network_interface_id":"","transit_gateway_id":"","vpc_peering_connection_id":""}],"tags":null,"vpc_id":"module.test_module.aws_vpc.vpc1.id"}},{"address":"module.test_module.aws_route_table_association.assoc1","mode":"managed","type":"aws_route_table_association","name":"assoc1","provider_name":"aws","schema_version":0,"values":{"gateway_id":null,"route_table_id":"module.test_module.aws_route_table.rt1.id","subnet_id":"module.test_module.aws_subnet.subnet1.id"}},{"address":"module.test_module.aws_route_table_association.assoc2","mode":"managed","type":"aws_route_table_association","name":"assoc2","provider_name":"aws","schema_version":0,"values":{"gateway_id":null,"route_table_id":"module.test_module.aws_route_table.rt1.id","subnet_id":"module.test_module.aws_subnet.subnet2.id"}},{"address":"module.test_module.aws_subnet.subnet1","mode":"managed","type":"aws_subnet","name":"subnet1","provider_name":"aws","schema_version":1,"values":{"assign_ipv6_address_on_creation":false,"availability_zone_id":"use1-az1","cidr_block":"10.10.10.0/24","map_public_ip_on_launch":false,"outpost_arn":null,"tags":{"Name":"subnet1"},"timeouts":null,"vpc_id":"module.test_module.aws_vpc.vpc1.id"}},{"address":"module.test_module.aws_subnet.subnet2","mode":"managed","type":"aws_subnet","name":"subnet2","provider_name":"aws","schema_version":1,"values":{"assign_ipv6_address_on_creation":false,"availability_zone_id":"use1-az2","cidr_block":"10.10.11.0/24","map_public_ip_on_launch":false,"outpost_arn":null,"tags":{"Name":"subnet2"},"timeouts":null,"vpc_id":"module.test_module.aws_vpc.vpc1.id"}},{"address":"module.test_module.aws_vpc.vpc1","mode":"managed","type":"aws_vpc","name":"vpc1","provider_name":"aws","schema_version":1,"values":{"assign_generated_ipv6_cidr_block":false,"cidr_block":"10.10.0.0/16","enable_dns_support":true,"instance_tenancy":"default","tags":null}}],"address":"module.test_module"}]}},"resource_changes":[{"address":"module.test_module.aws_internet_gateway.igw1","module_address":"module.test_module","mode":"managed","type":"aws_internet_gateway","name":"igw1","provider_name":"aws","change":{"actions":["create"],"before":null,"after":{"tags":null,"vpc_id":"module.test_module.aws_vpc.vpc1.id"},"after_unknown":{"arn":true,"id":true,"owner_id":true}}},{"address":"module.test_module.aws_lb.alb_test","module_address":"module.test_module","mode":"managed","type":"aws_lb","name":"alb_test","provider_name":"aws","change":{"actions":["create"],"before":null,"after":{"access_logs":[],"drop_invalid_header_fields":false,"enable_cross_zone_load_balancing":null,"enable_deletion_protection":false,"enable_http2":true,"idle_timeout":60,"load_balancer_type":"application","name_prefix":null,"subnets":["module.test_module.aws_subnet.subnet1.id","module.test_module.aws_subnet.subnet2.id"],"tags":null,"timeouts":null},"after_unknown":{"access_logs":[],"arn":true,"arn_suffix":true,"dns_name":true,"id":true,"internal":true,"ip_address_type":true,"name":true,"security_groups":true,"subnet_mapping":true,"subnets":[false,false],"vpc_id":true,"zone_id":true}}},{"address":"module.test_module.aws_lb_listener.lb_listener_test","module_address":"module.test_module","mode":"managed","type":"aws_lb_listener","name":"lb_listener_test","provider_name":"aws","change":{"actions":["create"],"before":null,"after":{"certificate_arn":null,"default_action":[{"authenticate_cognito":[],"authenticate_oidc":[],"fixed_response":[],"forward":[],"redirect":[{"host":"#{host}","path":"/#{path}","port":"443","protocol":"HTTPS","query":"#{query}","status_code":"HTTP_301"}],"target_group_arn":null,"type":"redirect"}],"load_balancer_arn":"module.test_module.aws_lb.alb_test.arn","port":80,"protocol":"HTTP","timeouts":null},"after_unknown":{"arn":true,"default_action":[{"authenticate_cognito":[],"authenticate_oidc":[],"fixed_response":[],"forward":[],"order":true,"redirect":[{}]}],"id":true,"ssl_policy":true}}},{"address":"module.test_module.aws_lb_target_group.test","module_address":"module.test_module","mode":"managed","type":"aws_lb_target_group","name":"test","provider_name":"aws","change":{"actions":["create"],"before":null,"after":{"deregistration_delay":300,"lambda_multi_value_headers_enabled":false,"name_prefix":null,"port":80,"protocol":"HTTP","proxy_protocol_v2":false,"slow_start":0,"tags":null,"target_type":"instance","vpc_id":"module.test_module.aws_vpc.vpc1.id"},"after_unknown":{"arn":true,"arn_suffix":true,"health_check":true,"id":true,"load_balancing_algorithm_type":true,"name":true,"stickiness":true}}},{"address":"module.test_module.aws_route_table.rt1","module_address":"module.test_module","mode":"managed","type":"aws_route_table","name":"rt1","provider_name":"aws","change":{"actions":["create"],"before":null,"after":{"route":[{"cidr_block":"0.0.0.0/0","egress_only_gateway_id":"","gateway_id":"module.test_module.aws_internet_gateway.igw1.id","instance_id":"","ipv6_cidr_block":"","nat_gateway_id":"","network_interface_id":"","transit_gateway_id":"","vpc_peering_connection_id":""}],"tags":null,"vpc_id":"module.test_module.aws_vpc.vpc1.id"},"after_unknown":{"id":true,"owner_id":true,"propagating_vgws":true,"route":[{}]}}},{"address":"module.test_module.aws_route_table_association.assoc1","module_address":"module.test_module","mode":"managed","type":"aws_route_table_association","name":"assoc1","provider_name":"aws","change":{"actions":["create"],"before":null,"after":{"gateway_id":null,"route_table_id":"module.test_module.aws_route_table.rt1.id","subnet_id":"module.test_module.aws_subnet.subnet1.id"},"after_unknown":{"id":true}}},{"address":"module.test_module.aws_route_table_association.assoc2","module_address":"module.test_module","mode":"managed","type":"aws_route_table_association","name":"assoc2","provider_name":"aws","change":{"actions":["create"],"before":null,"after":{"gateway_id":null,"route_table_id":"module.test_module.aws_route_table.rt1.id","subnet_id":"module.test_module.aws_subnet.subnet2.id"},"after_unknown":{"id":true}}},{"address":"module.test_module.aws_subnet.subnet1","module_address":"module.test_module","mode":"managed","type":"aws_subnet","name":"subnet1","provider_name":"aws","change":{"actions":["create"],"before":null,"after":{"assign_ipv6_address_on_creation":false,"availability_zone_id":"use1-az1","cidr_block":"10.10.10.0/24","map_public_ip_on_launch":false,"outpost_arn":null,"tags":{"Name":"subnet1"},"timeouts":null,"vpc_id":"module.test_module.aws_vpc.vpc1.id"},"after_unknown":{"arn":true,"availability_zone":true,"id":true,"ipv6_cidr_block":true,"ipv6_cidr_block_association_id":true,"owner_id":true,"tags":{}}}},{"address":"module.test_module.aws_subnet.subnet2","module_address":"module.test_module","mode":"managed","type":"aws_subnet","name":"subnet2","provider_name":"aws","change":{"actions":["create"],"before":null,"after":{"assign_ipv6_address_on_creation":false,"availability_zone_id":"use1-az2","cidr_block":"10.10.11.0/24","map_public_ip_on_launch":false,"outpost_arn":null,"tags":{"Name":"subnet2"},"timeouts":null,"vpc_id":"module.test_module.aws_vpc.vpc1.id"},"after_unknown":{"arn":true,"availability_zone":true,"id":true,"ipv6_cidr_block":true,"ipv6_cidr_block_association_id":true,"owner_id":true,"tags":{}}}},{"address":"module.test_module.aws_vpc.vpc1","module_address":"module.test_module","mode":"managed","type":"aws_vpc","name":"vpc1","provider_name":"aws","change":{"actions":["create"],"before":null,"after":{"assign_generated_ipv6_cidr_block":false,"cidr_block":"10.10.0.0/16","enable_dns_support":true,"instance_tenancy":"default","tags":null},"after_unknown":{"arn":true,"default_network_acl_id":true,"default_route_table_id":true,"default_security_group_id":true,"dhcp_options_id":true,"enable_classiclink":true,"enable_classiclink_dns_support":true,"enable_dns_hostnames":true,"id":true,"ipv6_association_id":true,"ipv6_cidr_block":true,"main_route_table_id":true,"owner_id":true}}}],"prior_state":{"format_version":"0.1","terraform_version":"0.12.29","values":{"root_module":{"child_modules":[{"resources":[{"address":"data.aws_availability_zones.available","mode":"data","type":"aws_availability_zones","name":"available","provider_name":"aws","schema_version":0,"values":{"all_availability_zones":null,"blacklisted_names":null,"blacklisted_zone_ids":null,"exclude_names":null,"exclude_zone_ids":null,"filter":null,"group_names":["us-east-1"],"id":"2021-04-04 08:29:24.53372 +0000 UTC","names":["us-east-1a","us-east-1b","us-east-1c","us-east-1d","us-east-1e","us-east-1f"],"state":"available","zone_ids":["use1-az1","use1-az2","use1-az4","use1-az6","use1-az3","use1-az5"]}}],"address":"module.test_module"}]}}},"configuration":{"provider_config":{"aws":{"name":"aws","version_constraint":"2.70.0","expressions":{"region":{"constant_value":"us-east-1"}}},"test_module:aws":{"name":"aws","module_address":"test_module","expressions":{"region":{"constant_value":"us-east-1"}}}},"root_module":{"module_calls":{"test_module":{"source":"./load_balancer_listeners/http_redirect_type","module":{"resources":[{"address":"aws_internet_gateway.igw1","mode":"managed","type":"aws_internet_gateway","name":"igw1","provider_config_key":"test_module:aws","expressions":{"vpc_id":{"references":["aws_vpc.vpc1"]}},"schema_version":0,"raw_data":{"FileName":"load_balancer_listeners/http_redirect_type/main.tf","StartLine":32,"EndLine":34}},{"address":"aws_lb.alb_test","mode":"managed","type":"aws_lb","name":"alb_test","provider_config_key":"test_module:aws","expressions":{"load_balancer_type":{"constant_value":"application"},"subnets":{"references":["aws_subnet.subnet1","aws_subnet.subnet2"]}},"schema_version":0,"raw_data":{"FileName":"load_balancer_listeners/http_redirect_type/main.tf","StartLine":60,"EndLine":63}},{"address":"aws_lb_listener.lb_listener_test","mode":"managed","type":"aws_lb_listener","name":"lb_listener_test","provider_config_key":"test_module:aws","expressions":{"default_action":[{"redirect":[{"port":{"constant_value":"443"},"protocol":{"constant_value":"HTTPS"},"status_code":{"constant_value":"HTTP_301"}}],"type":{"constant_value":"redirect"}}],"load_balancer_arn":{"references":["aws_lb.alb_test"]},"port":{"constant_value":"80"},"protocol":{"constant_value":"HTTP"}},"schema_version":0,"raw_data":{"FileName":"load_balancer_listeners/http_redirect_type/main.tf","StartLine":65,"EndLine":78}},{"address":"aws_lb_target_group.test","mode":"managed","type":"aws_lb_target_group","name":"test","provider_config_key":"test_module:aws","expressions":{"port":{"constant_value":80},"protocol":{"constant_value":"HTTP"},"vpc_id":{"references":["aws_vpc.vpc1"]}},"schema_version":0,"raw_data":{"FileName":"load_balancer_listeners/http_redirect_type/main.tf","StartLine":54,"EndLine":58}},{"address":"aws_route_table.rt1","mode":"managed","type":"aws_route_table","name":"rt1","provider_config_key":"test_module:aws","expressions":{"vpc_id":{"references":["aws_vpc.vpc1"]}},"schema_version":0,"raw_data":{"FileName":"load_balancer_listeners/http_redirect_type/main.tf","StartLine":36,"EndLine":42}},{"address":"aws_route_table_association.assoc1","mode":"managed","type":"aws_route_table_association","name":"assoc1","provider_config_key":"test_module:aws","expressions":{"route_table_id":{"references":["aws_route_table.rt1"]},"subnet_id":{"references":["aws_subnet.subnet1"]}},"schema_version":0,"raw_data":{"FileName":"load_balancer_listeners/http_redirect_type/main.tf","StartLine":44,"EndLine":47}},{"address":"aws_route_table_association.assoc2","mode":"managed","type":"aws_route_table_association","name":"assoc2","provider_config_key":"test_module:aws","expressions":{"route_table_id":{"references":["aws_route_table.rt1"]},"subnet_id":{"references":["aws_subnet.subnet2"]}},"schema_version":0,"raw_data":{"FileName":"load_balancer_listeners/http_redirect_type/main.tf","StartLine":49,"EndLine":52}},{"address":"aws_subnet.subnet1","mode":"managed","type":"aws_subnet","name":"subnet1","provider_config_key":"test_module:aws","expressions":{"availability_zone_id":{"references":["data.aws_availability_zones.available"]},"cidr_block":{"constant_value":"10.10.10.0/24"},"tags":{"constant_value":{"Name":"subnet1"}},"vpc_id":{"references":["aws_vpc.vpc1"]}},"schema_version":1,"raw_data":{"FileName":"load_balancer_listeners/http_redirect_type/main.tf","StartLine":13,"EndLine":20}},{"address":"aws_subnet.subnet2","mode":"managed","type":"aws_subnet","name":"subnet2","provider_config_key":"test_module:aws","expressions":{"availability_zone_id":{"references":["data.aws_availability_zones.available"]},"cidr_block":{"constant_value":"10.10.11.0/24"},"tags":{"constant_value":{"Name":"subnet2"}},"vpc_id":{"references":["aws_vpc.vpc1"]}},"schema_version":1,"raw_data":{"FileName":"load_balancer_listeners/http_redirect_type/main.tf","StartLine":22,"EndLine":30}},{"address":"aws_vpc.vpc1","mode":"managed","type":"aws_vpc","name":"vpc1","provider_config_key":"test_module:aws","expressions":{"cidr_block":{"constant_value":"10.10.0.0/16"}},"schema_version":1,"raw_data":{"FileName":"load_balancer_listeners/http_redirect_type/main.tf","StartLine":5,"EndLine":7}},{"address":"data.aws_availability_zones.available","mode":"data","type":"aws_availability_zones","name":"available","provider_config_key":"test_module:aws","expressions":{"state":{"constant_value":"available"}},"schema_version":0,"raw_data":{"FileName":"load_balancer_listeners/http_redirect_type/main.tf","StartLine":9,"EndLine":11}}]},"raw_data":{"FileName":"main.tf","StartLine":7,"EndLine":9}}}}}}
