{"format_version":"0.1","terraform_version":"0.12.29","variables":{"base_dir":{"value":"."}},"planned_values":{"root_module":{"resources":[{"address":"aws_s3_bucket.website","mode":"managed","type":"aws_s3_bucket","name":"website","provider_name":"aws","schema_version":0,"values":{"acl":"private","bucket":"38456734875-blah","bucket_prefix":null,"cors_rule":[],"force_destroy":false,"grant":[],"lifecycle_rule":[],"logging":[],"object_lock_configuration":[],"policy":"{\n  \"Version\":\"2012-10-17\",\n  \"Statement\":[\n    {\n      \"Sid\":\"AddPerm\",\n      \"Effect\":\"Allow\",\n      \"Principal\": {\n        \"AWS\":\"*\"\n      },\n      \"Action\":[\"s3:GetObject\"],\n      \"Resource\":[\"arn:aws:s3:::38456734875-blah/*\"]\n    }\n  ]\n}\n","replication_configuration":[],"server_side_encryption_configuration":[],"tags":null,"website":[{"error_document":null,"index_document":"index.html","redirect_all_requests_to":null,"routing_rules":null}]}},{"address":"aws_s3_bucket_object.website[\"1\"]","mode":"managed","type":"aws_s3_bucket_object","name":"website","index":"1","provider_name":"aws","schema_version":0,"values":{"acl":"public-read","bucket":"aws_s3_bucket.website.id","cache_control":null,"content":null,"content_base64":null,"content_disposition":null,"content_encoding":null,"content_language":null,"etag":"d41d8cd98f00b204e9800998ecf8427e","force_destroy":false,"key":"1","metadata":null,"object_lock_legal_hold_status":null,"object_lock_mode":null,"object_lock_retain_until_date":null,"source":"./s3objects/1","tags":null,"website_redirect":null}},{"address":"aws_s3_bucket_object.website[\"10\"]","mode":"managed","type":"aws_s3_bucket_object","name":"website","index":"10","provider_name":"aws","schema_version":0,"values":{"acl":"public-read","bucket":"aws_s3_bucket.website.id","cache_control":null,"content":null,"content_base64":null,"content_disposition":null,"content_encoding":null,"content_language":null,"etag":"d41d8cd98f00b204e9800998ecf8427e","force_destroy":false,"key":"10","metadata":null,"object_lock_legal_hold_status":null,"object_lock_mode":null,"object_lock_retain_until_date":null,"source":"./s3objects/10","tags":null,"website_redirect":null}},{"address":"aws_s3_bucket_object.website[\"2\"]","mode":"managed","type":"aws_s3_bucket_object","name":"website","index":"2","provider_name":"aws","schema_version":0,"values":{"acl":"public-read","bucket":"aws_s3_bucket.website.id","cache_control":null,"content":null,"content_base64":null,"content_disposition":null,"content_encoding":null,"content_language":null,"etag":"d41d8cd98f00b204e9800998ecf8427e","force_destroy":false,"key":"2","metadata":null,"object_lock_legal_hold_status":null,"object_lock_mode":null,"object_lock_retain_until_date":null,"source":"./s3objects/2","tags":null,"website_redirect":null}},{"address":"aws_s3_bucket_object.website[\"3\"]","mode":"managed","type":"aws_s3_bucket_object","name":"website","index":"3","provider_name":"aws","schema_version":0,"values":{"acl":"public-read","bucket":"aws_s3_bucket.website.id","cache_control":null,"content":null,"content_base64":null,"content_disposition":null,"content_encoding":null,"content_language":null,"etag":"d41d8cd98f00b204e9800998ecf8427e","force_destroy":false,"key":"3","metadata":null,"object_lock_legal_hold_status":null,"object_lock_mode":null,"object_lock_retain_until_date":null,"source":"./s3objects/3","tags":null,"website_redirect":null}},{"address":"aws_s3_bucket_object.website[\"4\"]","mode":"managed","type":"aws_s3_bucket_object","name":"website","index":"4","provider_name":"aws","schema_version":0,"values":{"acl":"public-read","bucket":"aws_s3_bucket.website.id","cache_control":null,"content":null,"content_base64":null,"content_disposition":null,"content_encoding":null,"content_language":null,"etag":"d41d8cd98f00b204e9800998ecf8427e","force_destroy":false,"key":"4","metadata":null,"object_lock_legal_hold_status":null,"object_lock_mode":null,"object_lock_retain_until_date":null,"source":"./s3objects/4","tags":null,"website_redirect":null}},{"address":"aws_s3_bucket_object.website[\"5\"]","mode":"managed","type":"aws_s3_bucket_object","name":"website","index":"5","provider_name":"aws","schema_version":0,"values":{"acl":"public-read","bucket":"aws_s3_bucket.website.id","cache_control":null,"content":null,"content_base64":null,"content_disposition":null,"content_encoding":null,"content_language":null,"etag":"d41d8cd98f00b204e9800998ecf8427e","force_destroy":false,"key":"5","metadata":null,"object_lock_legal_hold_status":null,"object_lock_mode":null,"object_lock_retain_until_date":null,"source":"./s3objects/5","tags":null,"website_redirect":null}},{"address":"aws_s3_bucket_object.website[\"6\"]","mode":"managed","type":"aws_s3_bucket_object","name":"website","index":"6","provider_name":"aws","schema_version":0,"values":{"acl":"public-read","bucket":"aws_s3_bucket.website.id","cache_control":null,"content":null,"content_base64":null,"content_disposition":null,"content_encoding":null,"content_language":null,"etag":"d41d8cd98f00b204e9800998ecf8427e","force_destroy":false,"key":"6","metadata":null,"object_lock_legal_hold_status":null,"object_lock_mode":null,"object_lock_retain_until_date":null,"source":"./s3objects/6","tags":null,"website_redirect":null}},{"address":"aws_s3_bucket_object.website[\"7\"]","mode":"managed","type":"aws_s3_bucket_object","name":"website","index":"7","provider_name":"aws","schema_version":0,"values":{"acl":"public-read","bucket":"aws_s3_bucket.website.id","cache_control":null,"content":null,"content_base64":null,"content_disposition":null,"content_encoding":null,"content_language":null,"etag":"d41d8cd98f00b204e9800998ecf8427e","force_destroy":false,"key":"7","metadata":null,"object_lock_legal_hold_status":null,"object_lock_mode":null,"object_lock_retain_until_date":null,"source":"./s3objects/7","tags":null,"website_redirect":null}},{"address":"aws_s3_bucket_object.website[\"8\"]","mode":"managed","type":"aws_s3_bucket_object","name":"website","index":"8","provider_name":"aws","schema_version":0,"values":{"acl":"public-read","bucket":"aws_s3_bucket.website.id","cache_control":null,"content":null,"content_base64":null,"content_disposition":null,"content_encoding":null,"content_language":null,"etag":"d41d8cd98f00b204e9800998ecf8427e","force_destroy":false,"key":"8","metadata":null,"object_lock_legal_hold_status":null,"object_lock_mode":null,"object_lock_retain_until_date":null,"source":"./s3objects/8","tags":null,"website_redirect":null}},{"address":"aws_s3_bucket_object.website[\"9\"]","mode":"managed","type":"aws_s3_bucket_object","name":"website","index":"9","provider_name":"aws","schema_version":0,"values":{"acl":"public-read","bucket":"aws_s3_bucket.website.id","cache_control":null,"content":null,"content_base64":null,"content_disposition":null,"content_encoding":null,"content_language":null,"etag":"d41d8cd98f00b204e9800998ecf8427e","force_destroy":false,"key":"9","metadata":null,"object_lock_legal_hold_status":null,"object_lock_mode":null,"object_lock_retain_until_date":null,"source":"./s3objects/9","tags":null,"website_redirect":null}}]}},"resource_changes":[{"address":"aws_s3_bucket.website","mode":"managed","type":"aws_s3_bucket","name":"website","provider_name":"aws","change":{"actions":["create"],"before":null,"after":{"acl":"private","bucket":"38456734875-blah","bucket_prefix":null,"cors_rule":[],"force_destroy":false,"grant":[],"lifecycle_rule":[],"logging":[],"object_lock_configuration":[],"policy":"{\n  \"Version\":\"2012-10-17\",\n  \"Statement\":[\n    {\n      \"Sid\":\"AddPerm\",\n      \"Effect\":\"Allow\",\n      \"Principal\": {\n        \"AWS\":\"*\"\n      },\n      \"Action\":[\"s3:GetObject\"],\n      \"Resource\":[\"arn:aws:s3:::38456734875-blah/*\"]\n    }\n  ]\n}\n","replication_configuration":[],"server_side_encryption_configuration":[],"tags":null,"website":[{"error_document":null,"index_document":"index.html","redirect_all_requests_to":null,"routing_rules":null}]},"after_unknown":{"acceleration_status":true,"arn":true,"bucket_domain_name":true,"bucket_regional_domain_name":true,"cors_rule":[],"grant":[],"hosted_zone_id":true,"id":true,"lifecycle_rule":[],"logging":[],"object_lock_configuration":[],"region":true,"replication_configuration":[],"request_payer":true,"server_side_encryption_configuration":[],"versioning":true,"website":[{}],"website_domain":true,"website_endpoint":true}}},{"address":"aws_s3_bucket_object.website[\"1\"]","mode":"managed","type":"aws_s3_bucket_object","name":"website","index":"1","provider_name":"aws","change":{"actions":["create"],"before":null,"after":{"acl":"public-read","bucket":"aws_s3_bucket.website.id","cache_control":null,"content":null,"content_base64":null,"content_disposition":null,"content_encoding":null,"content_language":null,"etag":"d41d8cd98f00b204e9800998ecf8427e","force_destroy":false,"key":"1","metadata":null,"object_lock_legal_hold_status":null,"object_lock_mode":null,"object_lock_retain_until_date":null,"source":"./s3objects/1","tags":null,"website_redirect":null},"after_unknown":{"content_type":true,"id":true,"kms_key_id":true,"server_side_encryption":true,"storage_class":true,"version_id":true}}},{"address":"aws_s3_bucket_object.website[\"10\"]","mode":"managed","type":"aws_s3_bucket_object","name":"website","index":"10","provider_name":"aws","change":{"actions":["create"],"before":null,"after":{"acl":"public-read","bucket":"aws_s3_bucket.website.id","cache_control":null,"content":null,"content_base64":null,"content_disposition":null,"content_encoding":null,"content_language":null,"etag":"d41d8cd98f00b204e9800998ecf8427e","force_destroy":false,"key":"10","metadata":null,"object_lock_legal_hold_status":null,"object_lock_mode":null,"object_lock_retain_until_date":null,"source":"./s3objects/10","tags":null,"website_redirect":null},"after_unknown":{"content_type":true,"id":true,"kms_key_id":true,"server_side_encryption":true,"storage_class":true,"version_id":true}}},{"address":"aws_s3_bucket_object.website[\"2\"]","mode":"managed","type":"aws_s3_bucket_object","name":"website","index":"2","provider_name":"aws","change":{"actions":["create"],"before":null,"after":{"acl":"public-read","bucket":"aws_s3_bucket.website.id","cache_control":null,"content":null,"content_base64":null,"content_disposition":null,"content_encoding":null,"content_language":null,"etag":"d41d8cd98f00b204e9800998ecf8427e","force_destroy":false,"key":"2","metadata":null,"object_lock_legal_hold_status":null,"object_lock_mode":null,"object_lock_retain_until_date":null,"source":"./s3objects/2","tags":null,"website_redirect":null},"after_unknown":{"content_type":true,"id":true,"kms_key_id":true,"server_side_encryption":true,"storage_class":true,"version_id":true}}},{"address":"aws_s3_bucket_object.website[\"3\"]","mode":"managed","type":"aws_s3_bucket_object","name":"website","index":"3","provider_name":"aws","change":{"actions":["create"],"before":null,"after":{"acl":"public-read","bucket":"aws_s3_bucket.website.id","cache_control":null,"content":null,"content_base64":null,"content_disposition":null,"content_encoding":null,"content_language":null,"etag":"d41d8cd98f00b204e9800998ecf8427e","force_destroy":false,"key":"3","metadata":null,"object_lock_legal_hold_status":null,"object_lock_mode":null,"object_lock_retain_until_date":null,"source":"./s3objects/3","tags":null,"website_redirect":null},"after_unknown":{"content_type":true,"id":true,"kms_key_id":true,"server_side_encryption":true,"storage_class":true,"version_id":true}}},{"address":"aws_s3_bucket_object.website[\"4\"]","mode":"managed","type":"aws_s3_bucket_object","name":"website","index":"4","provider_name":"aws","change":{"actions":["create"],"before":null,"after":{"acl":"public-read","bucket":"aws_s3_bucket.website.id","cache_control":null,"content":null,"content_base64":null,"content_disposition":null,"content_encoding":null,"content_language":null,"etag":"d41d8cd98f00b204e9800998ecf8427e","force_destroy":false,"key":"4","metadata":null,"object_lock_legal_hold_status":null,"object_lock_mode":null,"object_lock_retain_until_date":null,"source":"./s3objects/4","tags":null,"website_redirect":null},"after_unknown":{"content_type":true,"id":true,"kms_key_id":true,"server_side_encryption":true,"storage_class":true,"version_id":true}}},{"address":"aws_s3_bucket_object.website[\"5\"]","mode":"managed","type":"aws_s3_bucket_object","name":"website","index":"5","provider_name":"aws","change":{"actions":["create"],"before":null,"after":{"acl":"public-read","bucket":"aws_s3_bucket.website.id","cache_control":null,"content":null,"content_base64":null,"content_disposition":null,"content_encoding":null,"content_language":null,"etag":"d41d8cd98f00b204e9800998ecf8427e","force_destroy":false,"key":"5","metadata":null,"object_lock_legal_hold_status":null,"object_lock_mode":null,"object_lock_retain_until_date":null,"source":"./s3objects/5","tags":null,"website_redirect":null},"after_unknown":{"content_type":true,"id":true,"kms_key_id":true,"server_side_encryption":true,"storage_class":true,"version_id":true}}},{"address":"aws_s3_bucket_object.website[\"6\"]","mode":"managed","type":"aws_s3_bucket_object","name":"website","index":"6","provider_name":"aws","change":{"actions":["create"],"before":null,"after":{"acl":"public-read","bucket":"aws_s3_bucket.website.id","cache_control":null,"content":null,"content_base64":null,"content_disposition":null,"content_encoding":null,"content_language":null,"etag":"d41d8cd98f00b204e9800998ecf8427e","force_destroy":false,"key":"6","metadata":null,"object_lock_legal_hold_status":null,"object_lock_mode":null,"object_lock_retain_until_date":null,"source":"./s3objects/6","tags":null,"website_redirect":null},"after_unknown":{"content_type":true,"id":true,"kms_key_id":true,"server_side_encryption":true,"storage_class":true,"version_id":true}}},{"address":"aws_s3_bucket_object.website[\"7\"]","mode":"managed","type":"aws_s3_bucket_object","name":"website","index":"7","provider_name":"aws","change":{"actions":["create"],"before":null,"after":{"acl":"public-read","bucket":"aws_s3_bucket.website.id","cache_control":null,"content":null,"content_base64":null,"content_disposition":null,"content_encoding":null,"content_language":null,"etag":"d41d8cd98f00b204e9800998ecf8427e","force_destroy":false,"key":"7","metadata":null,"object_lock_legal_hold_status":null,"object_lock_mode":null,"object_lock_retain_until_date":null,"source":"./s3objects/7","tags":null,"website_redirect":null},"after_unknown":{"content_type":true,"id":true,"kms_key_id":true,"server_side_encryption":true,"storage_class":true,"version_id":true}}},{"address":"aws_s3_bucket_object.website[\"8\"]","mode":"managed","type":"aws_s3_bucket_object","name":"website","index":"8","provider_name":"aws","change":{"actions":["create"],"before":null,"after":{"acl":"public-read","bucket":"aws_s3_bucket.website.id","cache_control":null,"content":null,"content_base64":null,"content_disposition":null,"content_encoding":null,"content_language":null,"etag":"d41d8cd98f00b204e9800998ecf8427e","force_destroy":false,"key":"8","metadata":null,"object_lock_legal_hold_status":null,"object_lock_mode":null,"object_lock_retain_until_date":null,"source":"./s3objects/8","tags":null,"website_redirect":null},"after_unknown":{"content_type":true,"id":true,"kms_key_id":true,"server_side_encryption":true,"storage_class":true,"version_id":true}}},{"address":"aws_s3_bucket_object.website[\"9\"]","mode":"managed","type":"aws_s3_bucket_object","name":"website","index":"9","provider_name":"aws","change":{"actions":["create"],"before":null,"after":{"acl":"public-read","bucket":"aws_s3_bucket.website.id","cache_control":null,"content":null,"content_base64":null,"content_disposition":null,"content_encoding":null,"content_language":null,"etag":"d41d8cd98f00b204e9800998ecf8427e","force_destroy":false,"key":"9","metadata":null,"object_lock_legal_hold_status":null,"object_lock_mode":null,"object_lock_retain_until_date":null,"source":"./s3objects/9","tags":null,"website_redirect":null},"after_unknown":{"content_type":true,"id":true,"kms_key_id":true,"server_side_encryption":true,"storage_class":true,"version_id":true}}}],"configuration":{"provider_config":{"aws":{"name":"aws","expressions":{"region":{"constant_value":"us-east-1"}}}},"root_module":{"resources":[{"address":"aws_s3_bucket.website","mode":"managed","type":"aws_s3_bucket","name":"website","provider_config_key":"aws","expressions":{"acl":{"constant_value":"private"},"bucket":{"references":["local.bucket_id"]},"policy":{"references":["local.bucket_id"]},"website":[{"index_document":{"constant_value":"index.html"}}]},"schema_version":0,"raw_data":{"FileName":"main.tf","StartLine":14,"EndLine":38}},{"address":"aws_s3_bucket_object.website","mode":"managed","type":"aws_s3_bucket_object","name":"website","provider_config_key":"aws","expressions":{"acl":{"constant_value":"public-read"},"bucket":{"references":["aws_s3_bucket.website"]},"etag":{"references":["var.base_dir","each.value"]},"key":{"references":["each.value"]},"source":{"references":["var.base_dir","each.value"]}},"schema_version":0,"for_each_expression":{"references":["var.base_dir"]},"raw_data":{"FileName":"main.tf","StartLine":40,"EndLine":47}}],"variables":{"base_dir":{"default":".","description":"Base dir"}}}}}
