{"format_version":"0.1","terraform_version":"0.12.29","planned_values":{"root_module":{"resources":[{"address":"aws_route_table.private-rtb","mode":"managed","type":"aws_route_table","name":"private-rtb","provider_name":"aws","schema_version":0,"values":{"route":[{"cidr_block":"54.231.0.0/17","egress_only_gateway_id":"","gateway_id":"aws_vpc_endpoint.s3-vpce-gw.id","instance_id":"","ipv6_cidr_block":"","local_gateway_id":"","nat_gateway_id":"","network_interface_id":"","transit_gateway_id":"","vpc_endpoint_id":"","vpc_peering_connection_id":""}],"tags":{"Name":"private-rtb"},"vpc_id":"aws_vpc.main.id"}},{"address":"aws_route_table_association.private-rtb-assoc","mode":"managed","type":"aws_route_table_association","name":"private-rtb-assoc","provider_name":"aws","schema_version":0,"values":{"gateway_id":null,"route_table_id":"aws_route_table.private-rtb.id","subnet_id":"aws_subnet.private-subnet.id"}},{"address":"aws_subnet.private-subnet","mode":"managed","type":"aws_subnet","name":"private-subnet","provider_name":"aws","schema_version":1,"values":{"assign_ipv6_address_on_creation":false,"cidr_block":"192.168.100.128/25","ipv6_cidr_block":null,"map_public_ip_on_launch":false,"outpost_arn":null,"tags":{"Name":"private-subnet"},"timeouts":null,"vpc_id":"aws_vpc.main.id"}},{"address":"aws_vpc.main","mode":"managed","type":"aws_vpc","name":"main","provider_name":"aws","schema_version":1,"values":{"assign_generated_ipv6_cidr_block":false,"cidr_block":"192.168.100.0/24","enable_dns_support":true,"instance_tenancy":"default","tags":null}},{"address":"aws_vpc_endpoint.s3-vpce-gw","mode":"managed","type":"aws_vpc_endpoint","name":"s3-vpce-gw","provider_name":"aws","schema_version":0,"values":{"auto_accept":null,"private_dns_enabled":false,"service_name":"com.amazonaws.us-east-1.s3","tags":null,"timeouts":null,"vpc_endpoint_type":"Gateway","vpc_id":"aws_vpc.main.id"}},{"address":"aws_vpc_endpoint_route_table_association.vpce-gw-to-private-rtb-assoc","mode":"managed","type":"aws_vpc_endpoint_route_table_association","name":"vpce-gw-to-private-rtb-assoc","provider_name":"aws","schema_version":0,"values":{"route_table_id":"aws_route_table.private-rtb.id","vpc_endpoint_id":"aws_vpc_endpoint.s3-vpce-gw.id"}}]}},"resource_changes":[{"address":"aws_route_table.private-rtb","mode":"managed","type":"aws_route_table","name":"private-rtb","provider_name":"aws","change":{"actions":["create"],"before":null,"after":{"route":[{"cidr_block":"54.231.0.0/17","egress_only_gateway_id":"","gateway_id":"aws_vpc_endpoint.s3-vpce-gw.id","instance_id":"","ipv6_cidr_block":"","local_gateway_id":"","nat_gateway_id":"","network_interface_id":"","transit_gateway_id":"","vpc_endpoint_id":"","vpc_peering_connection_id":""}],"tags":{"Name":"private-rtb"},"vpc_id":"aws_vpc.main.id"},"after_unknown":{"id":true,"owner_id":true,"propagating_vgws":true,"route":[{}],"tags":{}}}},{"address":"aws_route_table_association.private-rtb-assoc","mode":"managed","type":"aws_route_table_association","name":"private-rtb-assoc","provider_name":"aws","change":{"actions":["create"],"before":null,"after":{"gateway_id":null,"route_table_id":"aws_route_table.private-rtb.id","subnet_id":"aws_subnet.private-subnet.id"},"after_unknown":{"id":true}}},{"address":"aws_subnet.private-subnet","mode":"managed","type":"aws_subnet","name":"private-subnet","provider_name":"aws","change":{"actions":["create"],"before":null,"after":{"assign_ipv6_address_on_creation":false,"cidr_block":"192.168.100.128/25","ipv6_cidr_block":null,"map_public_ip_on_launch":false,"outpost_arn":null,"tags":{"Name":"private-subnet"},"timeouts":null,"vpc_id":"aws_vpc.main.id"},"after_unknown":{"arn":true,"availability_zone":true,"availability_zone_id":true,"id":true,"ipv6_cidr_block_association_id":true,"owner_id":true,"tags":{}}}},{"address":"aws_vpc.main","mode":"managed","type":"aws_vpc","name":"main","provider_name":"aws","change":{"actions":["create"],"before":null,"after":{"assign_generated_ipv6_cidr_block":false,"cidr_block":"192.168.100.0/24","enable_dns_support":true,"instance_tenancy":"default","tags":null},"after_unknown":{"arn":true,"default_network_acl_id":true,"default_route_table_id":true,"default_security_group_id":true,"dhcp_options_id":true,"enable_classiclink":true,"enable_classiclink_dns_support":true,"enable_dns_hostnames":true,"id":true,"ipv6_association_id":true,"ipv6_cidr_block":true,"main_route_table_id":true,"owner_id":true}}},{"address":"aws_vpc_endpoint.s3-vpce-gw","mode":"managed","type":"aws_vpc_endpoint","name":"s3-vpce-gw","provider_name":"aws","change":{"actions":["create"],"before":null,"after":{"auto_accept":null,"private_dns_enabled":false,"service_name":"com.amazonaws.us-east-1.s3","tags":null,"timeouts":null,"vpc_endpoint_type":"Gateway","vpc_id":"aws_vpc.main.id"},"after_unknown":{"arn":true,"cidr_blocks":true,"dns_entry":true,"id":true,"network_interface_ids":true,"owner_id":true,"policy":true,"prefix_list_id":true,"requester_managed":true,"route_table_ids":true,"security_group_ids":true,"state":true,"subnet_ids":true}}},{"address":"aws_vpc_endpoint_route_table_association.vpce-gw-to-private-rtb-assoc","mode":"managed","type":"aws_vpc_endpoint_route_table_association","name":"vpce-gw-to-private-rtb-assoc","provider_name":"aws","change":{"actions":["create"],"before":null,"after":{"route_table_id":"aws_route_table.private-rtb.id","vpc_endpoint_id":"aws_vpc_endpoint.s3-vpce-gw.id"},"after_unknown":{"id":true}}}],"configuration":{"provider_config":{"aws":{"name":"aws","expressions":{"region":{"constant_value":"us-east-1"}}}},"root_module":{"resources":[{"address":"aws_route_table.private-rtb","mode":"managed","type":"aws_route_table","name":"private-rtb","provider_config_key":"aws","expressions":{"tags":{"constant_value":{"Name":"private-rtb"}},"vpc_id":{"references":["aws_vpc.main"]}},"schema_version":0,"raw_data":{"FileName":"main.tf","StartLine":23,"EndLine":34}},{"address":"aws_route_table_association.private-rtb-assoc","mode":"managed","type":"aws_route_table_association","name":"private-rtb-assoc","provider_config_key":"aws","expressions":{"route_table_id":{"references":["aws_route_table.private-rtb"]},"subnet_id":{"references":["aws_subnet.private-subnet"]}},"schema_version":0,"raw_data":{"FileName":"main.tf","StartLine":36,"EndLine":39}},{"address":"aws_subnet.private-subnet","mode":"managed","type":"aws_subnet","name":"private-subnet","provider_config_key":"aws","expressions":{"cidr_block":{"constant_value":"192.168.100.128/25"},"tags":{"constant_value":{"Name":"private-subnet"}},"vpc_id":{"references":["aws_vpc.main"]}},"schema_version":1,"raw_data":{"FileName":"main.tf","StartLine":14,"EndLine":21}},{"address":"aws_vpc.main","mode":"managed","type":"aws_vpc","name":"main","provider_config_key":"aws","expressions":{"cidr_block":{"constant_value":"192.168.100.0/24"},"enable_dns_support":{"constant_value":true}},"schema_version":1,"raw_data":{"FileName":"main.tf","StartLine":9,"EndLine":12}},{"address":"aws_vpc_endpoint.s3-vpce-gw","mode":"managed","type":"aws_vpc_endpoint","name":"s3-vpce-gw","provider_config_key":"aws","expressions":{"service_name":{"constant_value":"com.amazonaws.us-east-1.s3"},"vpc_id":{"references":["aws_vpc.main"]}},"schema_version":0,"raw_data":{"FileName":"main.tf","StartLine":41,"EndLine":44}},{"address":"aws_vpc_endpoint_route_table_association.vpce-gw-to-private-rtb-assoc","mode":"managed","type":"aws_vpc_endpoint_route_table_association","name":"vpce-gw-to-private-rtb-assoc","provider_config_key":"aws","expressions":{"route_table_id":{"references":["aws_route_table.private-rtb"]},"vpc_endpoint_id":{"references":["aws_vpc_endpoint.s3-vpce-gw"]}},"schema_version":0,"raw_data":{"FileName":"main.tf","StartLine":46,"EndLine":49}}]}}}
