{"format_version":"0.1","terraform_version":"0.14.6","planned_values":{"root_module":{"resources":[{"address":"azurerm_lb.gateway","mode":"managed","type":"azurerm_lb","name":"gateway","provider_name":"registry.terraform.io/hashicorp/azurerm","schema_version":0,"values":{"frontend_ip_configuration":[{"name":"cr3765-lbGateway-front","subnet_id":"azurerm_subnet.test.id"}],"location":"westeurope","name":"cr3765-lbGateway","resource_group_name":"cr3765-rg","sku":"Gateway","sku_tier":"Regional","tags":null,"timeouts":null}},{"address":"azurerm_lb.test3","mode":"managed","type":"azurerm_lb","name":"test3","provider_name":"registry.terraform.io/hashicorp/azurerm","schema_version":0,"values":{"frontend_ip_configuration":[{"name":"cr3765-lb-front3","public_ip_address_id":"azurerm_public_ip.test.id"}],"location":"westeurope","name":"cr3765-lb3","resource_group_name":"cr3765-rg","sku":"Standard","sku_tier":"Regional","tags":{"environment":"production"},"timeouts":null}},{"address":"azurerm_lb_nat_rule.test31","mode":"managed","type":"azurerm_lb_nat_rule","name":"test31","provider_name":"registry.terraform.io/hashicorp/azurerm","schema_version":0,"values":{"backend_port":3389,"enable_floating_ip":false,"enable_tcp_reset":false,"frontend_ip_configuration_name":"cr3765-lb-front3","frontend_port":3389,"idle_timeout_in_minutes":4,"loadbalancer_id":"azurerm_lb.test3.id","name":"cr3765-natrule1","protocol":"tcp","resource_group_name":"cr3765-rg","timeouts":null}},{"address":"azurerm_network_interface.nic","mode":"managed","type":"azurerm_network_interface","name":"nic","provider_name":"registry.terraform.io/hashicorp/azurerm","schema_version":0,"values":{"enable_accelerated_networking":false,"enable_ip_forwarding":false,"ip_configuration":[{"name":"ipconfig001","private_ip_address_allocation":"dynamic","private_ip_address_version":"IPv4","public_ip_address_id":null,"subnet_id":"azurerm_subnet.test.id"}],"location":"westeurope","name":"cr3765-nic","resource_group_name":"cr3765-rg","tags":null,"timeouts":null}},{"address":"azurerm_network_interface_nat_rule_association.example","mode":"managed","type":"azurerm_network_interface_nat_rule_association","name":"example","provider_name":"registry.terraform.io/hashicorp/azurerm","schema_version":0,"values":{"ip_configuration_name":"ipconfig001","nat_rule_id":"azurerm_lb_nat_rule.test31.id","network_interface_id":"azurerm_network_interface.nic.id","timeouts":null}},{"address":"azurerm_public_ip.test","mode":"managed","type":"azurerm_public_ip","name":"test","provider_name":"registry.terraform.io/hashicorp/azurerm","schema_version":0,"values":{"allocation_method":"Static","domain_name_label":null,"idle_timeout_in_minutes":4,"ip_tags":null,"ip_version":"IPv4","location":"westeurope","name":"cr3765-publicIP","public_ip_prefix_id":null,"resource_group_name":"cr3765-rg","reverse_fqdn":null,"sku":"Standard","sku_tier":"Regional","tags":null,"timeouts":null}},{"address":"azurerm_public_ip_prefix.test","mode":"managed","type":"azurerm_public_ip_prefix","name":"test","provider_name":"registry.terraform.io/hashicorp/azurerm","schema_version":0,"values":{"ip_version":"IPv4","location":"westeurope","name":"cr3765-publicIPPrefix","prefix_length":31,"resource_group_name":"cr3765-rg","sku":"Standard","tags":null,"timeouts":null}},{"address":"azurerm_resource_group.test","mode":"managed","type":"azurerm_resource_group","name":"test","provider_name":"registry.terraform.io/hashicorp/azurerm","schema_version":0,"values":{"location":"westeurope","name":"cr3765-rg","tags":null,"timeouts":null}},{"address":"azurerm_subnet.test","mode":"managed","type":"azurerm_subnet","name":"test","provider_name":"registry.terraform.io/hashicorp/azurerm","schema_version":0,"values":{"address_prefixes":["10.0.1.0/24"],"delegation":[],"enforce_private_link_endpoint_network_policies":false,"enforce_private_link_service_network_policies":false,"name":"cr3765-subnet","resource_group_name":"cr3765-rg","service_endpoint_policy_ids":null,"service_endpoints":null,"timeouts":null,"virtual_network_name":"cr3765-vnet"}},{"address":"azurerm_virtual_machine.main","mode":"managed","type":"azurerm_virtual_machine","name":"main","provider_name":"registry.terraform.io/hashicorp/azurerm","schema_version":0,"values":{"additional_capabilities":[],"boot_diagnostics":[],"delete_data_disks_on_termination":true,"delete_os_disk_on_termination":true,"location":"westeurope","name":"cr3765-vm","network_interface_ids":["azurerm_network_interface.nic.id"],"os_profile":[{"admin_password":"Passw0rd78234!","admin_username":"testadmin","computer_name":"hostname"}],"os_profile_linux_config":[],"os_profile_secrets":[],"os_profile_windows_config":[{"additional_unattend_config":[],"enable_automatic_upgrades":false,"provision_vm_agent":false,"timezone":"","winrm":[]}],"plan":[],"primary_network_interface_id":null,"proximity_placement_group_id":null,"resource_group_name":"cr3765-rg","storage_image_reference":[{"id":"","offer":"WindowsServer","publisher":"MicrosoftWindowsServer","sku":"2019-Datacenter","version":"latest"}],"storage_os_disk":[{"caching":"ReadWrite","create_option":"FromImage","image_uri":null,"managed_disk_type":"Standard_LRS","name":"myosdisk1","vhd_uri":null,"write_accelerator_enabled":false}],"tags":null,"timeouts":null,"vm_size":"Standard_B2s","zones":null}},{"address":"azurerm_virtual_network.test","mode":"managed","type":"azurerm_virtual_network","name":"test","provider_name":"registry.terraform.io/hashicorp/azurerm","schema_version":0,"values":{"address_space":["10.0.0.0/16"],"bgp_community":null,"ddos_protection_plan":[],"flow_timeout_in_minutes":null,"location":"westeurope","name":"cr3765-vnet","resource_group_name":"cr3765-rg","tags":null,"timeouts":null,"vm_protection_enabled":false}}]}},"resource_changes":[{"address":"azurerm_lb.gateway","mode":"managed","type":"azurerm_lb","name":"gateway","provider_name":"registry.terraform.io/hashicorp/azurerm","change":{"actions":["create"],"before":null,"after":{"frontend_ip_configuration":[{"name":"cr3765-lbGateway-front","subnet_id":"azurerm_subnet.test.id"}],"location":"westeurope","name":"cr3765-lbGateway","resource_group_name":"cr3765-rg","sku":"Gateway","sku_tier":"Regional","tags":null,"timeouts":null},"after_unknown":{"frontend_ip_configuration":[{"availability_zone":true,"gateway_load_balancer_frontend_ip_configuration_id":true,"id":true,"inbound_nat_rules":true,"load_balancer_rules":true,"outbound_rules":true,"private_ip_address":true,"private_ip_address_allocation":true,"private_ip_address_version":true,"public_ip_address_id":true,"public_ip_prefix_id":true,"zones":true}],"id":true,"private_ip_address":true,"private_ip_addresses":true}}},{"address":"azurerm_lb.test3","mode":"managed","type":"azurerm_lb","name":"test3","provider_name":"registry.terraform.io/hashicorp/azurerm","change":{"actions":["create"],"before":null,"after":{"frontend_ip_configuration":[{"name":"cr3765-lb-front3","public_ip_address_id":"azurerm_public_ip.test.id"}],"location":"westeurope","name":"cr3765-lb3","resource_group_name":"cr3765-rg","sku":"Standard","sku_tier":"Regional","tags":{"environment":"production"},"timeouts":null},"after_unknown":{"frontend_ip_configuration":[{"availability_zone":true,"gateway_load_balancer_frontend_ip_configuration_id":true,"id":true,"inbound_nat_rules":true,"load_balancer_rules":true,"outbound_rules":true,"private_ip_address":true,"private_ip_address_allocation":true,"private_ip_address_version":true,"public_ip_prefix_id":true,"subnet_id":true,"zones":true}],"id":true,"private_ip_address":true,"private_ip_addresses":true,"tags":{}}}},{"address":"azurerm_lb_nat_rule.test31","mode":"managed","type":"azurerm_lb_nat_rule","name":"test31","provider_name":"registry.terraform.io/hashicorp/azurerm","change":{"actions":["create"],"before":null,"after":{"backend_port":3389,"enable_floating_ip":false,"enable_tcp_reset":false,"frontend_ip_configuration_name":"cr3765-lb-front3","frontend_port":3389,"idle_timeout_in_minutes":4,"loadbalancer_id":"azurerm_lb.test3.id","name":"cr3765-natrule1","protocol":"tcp","resource_group_name":"cr3765-rg","timeouts":null},"after_unknown":{"backend_ip_configuration_id":true,"frontend_ip_configuration_id":true,"id":true}}},{"address":"azurerm_network_interface.nic","mode":"managed","type":"azurerm_network_interface","name":"nic","provider_name":"registry.terraform.io/hashicorp/azurerm","change":{"actions":["create"],"before":null,"after":{"enable_accelerated_networking":false,"enable_ip_forwarding":false,"ip_configuration":[{"name":"ipconfig001","private_ip_address_allocation":"dynamic","private_ip_address_version":"IPv4","public_ip_address_id":null,"subnet_id":"azurerm_subnet.test.id"}],"location":"westeurope","name":"cr3765-nic","resource_group_name":"cr3765-rg","tags":null,"timeouts":null},"after_unknown":{"applied_dns_servers":true,"dns_servers":true,"id":true,"internal_dns_name_label":true,"internal_domain_name_suffix":true,"ip_configuration":[{"gateway_load_balancer_frontend_ip_configuration_id":true,"primary":true,"private_ip_address":true}],"mac_address":true,"private_ip_address":true,"private_ip_addresses":true,"virtual_machine_id":true}}},{"address":"azurerm_network_interface_nat_rule_association.example","mode":"managed","type":"azurerm_network_interface_nat_rule_association","name":"example","provider_name":"registry.terraform.io/hashicorp/azurerm","change":{"actions":["create"],"before":null,"after":{"ip_configuration_name":"ipconfig001","nat_rule_id":"azurerm_lb_nat_rule.test31.id","network_interface_id":"azurerm_network_interface.nic.id","timeouts":null},"after_unknown":{"id":true}}},{"address":"azurerm_public_ip.test","mode":"managed","type":"azurerm_public_ip","name":"test","provider_name":"registry.terraform.io/hashicorp/azurerm","change":{"actions":["create"],"before":null,"after":{"allocation_method":"Static","domain_name_label":null,"idle_timeout_in_minutes":4,"ip_tags":null,"ip_version":"IPv4","location":"westeurope","name":"cr3765-publicIP","public_ip_prefix_id":null,"resource_group_name":"cr3765-rg","reverse_fqdn":null,"sku":"Standard","sku_tier":"Regional","tags":null,"timeouts":null},"after_unknown":{"availability_zone":true,"fqdn":true,"id":true,"ip_address":true,"zones":true}}},{"address":"azurerm_public_ip_prefix.test","mode":"managed","type":"azurerm_public_ip_prefix","name":"test","provider_name":"registry.terraform.io/hashicorp/azurerm","change":{"actions":["create"],"before":null,"after":{"ip_version":"IPv4","location":"westeurope","name":"cr3765-publicIPPrefix","prefix_length":31,"resource_group_name":"cr3765-rg","sku":"Standard","tags":null,"timeouts":null},"after_unknown":{"availability_zone":true,"id":true,"ip_prefix":true,"zones":true}}},{"address":"azurerm_resource_group.test","mode":"managed","type":"azurerm_resource_group","name":"test","provider_name":"registry.terraform.io/hashicorp/azurerm","change":{"actions":["create"],"before":null,"after":{"location":"westeurope","name":"cr3765-rg","tags":null,"timeouts":null},"after_unknown":{"id":true}}},{"address":"azurerm_subnet.test","mode":"managed","type":"azurerm_subnet","name":"test","provider_name":"registry.terraform.io/hashicorp/azurerm","change":{"actions":["create"],"before":null,"after":{"address_prefixes":["10.0.1.0/24"],"delegation":[],"enforce_private_link_endpoint_network_policies":false,"enforce_private_link_service_network_policies":false,"name":"cr3765-subnet","resource_group_name":"cr3765-rg","service_endpoint_policy_ids":null,"service_endpoints":null,"timeouts":null,"virtual_network_name":"cr3765-vnet"},"after_unknown":{"address_prefix":true,"address_prefixes":[false],"delegation":[],"id":true}}},{"address":"azurerm_virtual_machine.main","mode":"managed","type":"azurerm_virtual_machine","name":"main","provider_name":"registry.terraform.io/hashicorp/azurerm","change":{"actions":["create"],"before":null,"after":{"additional_capabilities":[],"boot_diagnostics":[],"delete_data_disks_on_termination":true,"delete_os_disk_on_termination":true,"location":"westeurope","name":"cr3765-vm","network_interface_ids":["azurerm_network_interface.nic.id"],"os_profile":[{"admin_password":"Passw0rd78234!","admin_username":"testadmin","computer_name":"hostname"}],"os_profile_linux_config":[],"os_profile_secrets":[],"os_profile_windows_config":[{"additional_unattend_config":[],"enable_automatic_upgrades":false,"provision_vm_agent":false,"timezone":"","winrm":[]}],"plan":[],"primary_network_interface_id":null,"proximity_placement_group_id":null,"resource_group_name":"cr3765-rg","storage_image_reference":[{"id":"","offer":"WindowsServer","publisher":"MicrosoftWindowsServer","sku":"2019-Datacenter","version":"latest"}],"storage_os_disk":[{"caching":"ReadWrite","create_option":"FromImage","image_uri":null,"managed_disk_type":"Standard_LRS","name":"myosdisk1","vhd_uri":null,"write_accelerator_enabled":false}],"tags":null,"timeouts":null,"vm_size":"Standard_B2s","zones":null},"after_unknown":{"additional_capabilities":[],"availability_set_id":true,"boot_diagnostics":[],"id":true,"identity":true,"license_type":true,"network_interface_ids":[false],"os_profile":[{"custom_data":true}],"os_profile_linux_config":[],"os_profile_secrets":[],"os_profile_windows_config":[{"additional_unattend_config":[],"winrm":[]}],"plan":[],"storage_data_disk":true,"storage_image_reference":[{}],"storage_os_disk":[{"disk_size_gb":true,"managed_disk_id":true,"os_type":true}]}}},{"address":"azurerm_virtual_network.test","mode":"managed","type":"azurerm_virtual_network","name":"test","provider_name":"registry.terraform.io/hashicorp/azurerm","change":{"actions":["create"],"before":null,"after":{"address_space":["10.0.0.0/16"],"bgp_community":null,"ddos_protection_plan":[],"flow_timeout_in_minutes":null,"location":"westeurope","name":"cr3765-vnet","resource_group_name":"cr3765-rg","tags":null,"timeouts":null,"vm_protection_enabled":false},"after_unknown":{"address_space":[false],"ddos_protection_plan":[],"dns_servers":true,"guid":true,"id":true,"subnet":true}}}],"configuration":{"provider_config":{"azurerm":{"name":"azurerm","expressions":{"features":[{}]}}},"root_module":{"resources":[{"address":"azurerm_lb.gateway","mode":"managed","type":"azurerm_lb","name":"gateway","provider_config_key":"azurerm","expressions":{"frontend_ip_configuration":[{"name":{"references":["local.name"]},"subnet_id":{"references":["azurerm_subnet.test"]}}],"location":{"references":["azurerm_resource_group.test"]},"name":{"references":["local.name"]},"resource_group_name":{"references":["azurerm_resource_group.test"]},"sku":{"constant_value":"Gateway"}},"schema_version":0,"raw_data":{"FileName":"main.tf","StartLine":43,"EndLine":53}},{"address":"azurerm_lb.test3","mode":"managed","type":"azurerm_lb","name":"test3","provider_config_key":"azurerm","expressions":{"frontend_ip_configuration":[{"gateway_load_balancer_frontend_ip_configuration_id":{"references":["azurerm_lb.gateway"]},"name":{"references":["local.name"]},"public_ip_address_id":{"references":["azurerm_public_ip.test"]}}],"location":{"references":["azurerm_resource_group.test"]},"name":{"references":["local.name"]},"resource_group_name":{"references":["azurerm_resource_group.test"]},"sku":{"constant_value":"Standard"},"sku_tier":{"constant_value":"Regional"},"tags":{"constant_value":{"environment":"production"}}},"schema_version":0,"raw_data":{"FileName":"main.tf","StartLine":55,"EndLine":71}},{"address":"azurerm_lb_nat_rule.test31","mode":"managed","type":"azurerm_lb_nat_rule","name":"test31","provider_config_key":"azurerm","expressions":{"backend_port":{"constant_value":3389},"enable_floating_ip":{"constant_value":false},"enable_tcp_reset":{"constant_value":false},"frontend_ip_configuration_name":{"references":["azurerm_lb.test3"]},"frontend_port":{"constant_value":3389},"idle_timeout_in_minutes":{"constant_value":4},"loadbalancer_id":{"references":["azurerm_lb.test3"]},"name":{"references":["local.name"]},"protocol":{"constant_value":"Tcp"},"resource_group_name":{"references":["azurerm_resource_group.test"]}},"schema_version":0,"raw_data":{"FileName":"main.tf","StartLine":73,"EndLine":84}},{"address":"azurerm_network_interface.nic","mode":"managed","type":"azurerm_network_interface","name":"nic","provider_config_key":"azurerm","expressions":{"ip_configuration":[{"name":{"constant_value":"ipconfig001"},"private_ip_address_allocation":{"constant_value":"Dynamic"},"subnet_id":{"references":["azurerm_subnet.test"]}}],"location":{"references":["azurerm_resource_group.test"]},"name":{"references":["local.name"]},"resource_group_name":{"references":["azurerm_resource_group.test"]}},"schema_version":0,"raw_data":{"FileName":"main.tf","StartLine":119,"EndLine":129}},{"address":"azurerm_network_interface_nat_rule_association.example","mode":"managed","type":"azurerm_network_interface_nat_rule_association","name":"example","provider_config_key":"azurerm","expressions":{"ip_configuration_name":{"constant_value":"ipconfig001"},"nat_rule_id":{"references":["azurerm_lb_nat_rule.test31"]},"network_interface_id":{"references":["azurerm_network_interface.nic"]}},"schema_version":0,"raw_data":{"FileName":"main.tf","StartLine":131,"EndLine":135}},{"address":"azurerm_public_ip.test","mode":"managed","type":"azurerm_public_ip","name":"test","provider_config_key":"azurerm","expressions":{"allocation_method":{"constant_value":"Static"},"location":{"references":["azurerm_resource_group.test"]},"name":{"references":["local.name"]},"resource_group_name":{"references":["azurerm_resource_group.test"]},"sku":{"constant_value":"Standard"}},"schema_version":0,"raw_data":{"FileName":"main.tf","StartLine":28,"EndLine":34}},{"address":"azurerm_public_ip_prefix.test","mode":"managed","type":"azurerm_public_ip_prefix","name":"test","provider_config_key":"azurerm","expressions":{"location":{"references":["azurerm_resource_group.test"]},"name":{"references":["local.name"]},"prefix_length":{"constant_value":31},"resource_group_name":{"references":["azurerm_resource_group.test"]}},"schema_version":0,"raw_data":{"FileName":"main.tf","StartLine":36,"EndLine":41}},{"address":"azurerm_resource_group.test","mode":"managed","type":"azurerm_resource_group","name":"test","provider_config_key":"azurerm","expressions":{"location":{"constant_value":"West Europe"},"name":{"references":["local.name"]}},"schema_version":0,"raw_data":{"FileName":"main.tf","StartLine":9,"EndLine":12}},{"address":"azurerm_subnet.test","mode":"managed","type":"azurerm_subnet","name":"test","provider_config_key":"azurerm","expressions":{"address_prefixes":{"constant_value":["10.0.1.0/24"]},"name":{"references":["local.name"]},"resource_group_name":{"references":["azurerm_resource_group.test"]},"virtual_network_name":{"references":["azurerm_virtual_network.test"]}},"schema_version":0,"raw_data":{"FileName":"main.tf","StartLine":21,"EndLine":26}},{"address":"azurerm_virtual_machine.main","mode":"managed","type":"azurerm_virtual_machine","name":"main","provider_config_key":"azurerm","expressions":{"delete_data_disks_on_termination":{"constant_value":true},"delete_os_disk_on_termination":{"constant_value":true},"location":{"references":["azurerm_resource_group.test"]},"name":{"references":["local.name"]},"network_interface_ids":{"references":["azurerm_network_interface.nic"]},"os_profile":[{"admin_password":{"constant_value":"Passw0rd78234!"},"admin_username":{"constant_value":"testadmin"},"computer_name":{"constant_value":"hostname"}}],"os_profile_windows_config":[{}],"resource_group_name":{"references":["azurerm_resource_group.test"]},"storage_image_reference":[{"offer":{"constant_value":"WindowsServer"},"publisher":{"constant_value":"MicrosoftWindowsServer"},"sku":{"constant_value":"2019-Datacenter"},"version":{"constant_value":"latest"}}],"storage_os_disk":[{"caching":{"constant_value":"ReadWrite"},"create_option":{"constant_value":"FromImage"},"managed_disk_type":{"constant_value":"Standard_LRS"},"name":{"constant_value":"myosdisk1"}}],"vm_size":{"constant_value":"Standard_B2s"}},"schema_version":0,"raw_data":{"FileName":"main.tf","StartLine":87,"EndLine":117}},{"address":"azurerm_virtual_network.test","mode":"managed","type":"azurerm_virtual_network","name":"test","provider_config_key":"azurerm","expressions":{"address_space":{"constant_value":["10.0.0.0/16"]},"location":{"references":["azurerm_resource_group.test"]},"name":{"references":["local.name"]},"resource_group_name":{"references":["azurerm_resource_group.test"]}},"schema_version":0,"raw_data":{"FileName":"main.tf","StartLine":14,"EndLine":19}}]}}}
