{"format_version":"0.1","terraform_version":"0.12.29","planned_values":{"outputs":{"accepter_options":{"sensitive":false},"aws_vpc_peering_connection":{"sensitive":false},"aws_vpc_peering_connection_accepter":{"sensitive":false},"peer_owner_id":{"sensitive":false,"value":"module.vpc-peering.data.aws_caller_identity.peer.account_id"},"peer_region":{"sensitive":false,"value":"module.vpc-peering.aws_vpc_peering_connection_accepter.peer_accepter.peer_region"},"peer_vpc_id":{"sensitive":false,"value":"module.vpc-peering.aws_vpc_peering_connection_accepter.peer_accepter.vpc_id"},"peer_vpc_route_table":{"sensitive":false},"requester_options":{"sensitive":false},"this_owner_id":{"sensitive":false,"value":"module.vpc-peering.aws_vpc_peering_connection_accepter.peer_accepter.peer_owner_id"},"this_vpc_id":{"sensitive":false,"value":"module.vpc-peering.aws_vpc_peering_connection_accepter.peer_accepter.peer_vpc_id"},"this_vpc_route_tables":{"sensitive":false},"vpc_peering_accept_status":{"sensitive":false,"value":"module.vpc-peering.aws_vpc_peering_connection_accepter.peer_accepter.accept_status"},"vpc_peering_id":{"sensitive":false,"value":"module.vpc-peering.aws_vpc_peering_connection.this.id"}},"root_module":{"resources":[{"address":"aws_route_table.subnet1_1","mode":"managed","type":"aws_route_table","name":"subnet1_1","provider_name":"aws","schema_version":0,"values":{"route":[{"cidr_block":"10.7.17.0/24","egress_only_gateway_id":"","gateway_id":"","instance_id":"","ipv6_cidr_block":"","local_gateway_id":"","nat_gateway_id":"","network_interface_id":"","transit_gateway_id":"","vpc_endpoint_id":"","vpc_peering_connection_id":"module.vpc-peering.aws_vpc_peering_connection.this.id"}],"tags":null,"vpc_id":"aws_vpc.vpc1.id"}},{"address":"aws_route_table_association.subnet1_1","mode":"managed","type":"aws_route_table_association","name":"subnet1_1","provider_name":"aws","schema_version":0,"values":{"gateway_id":null,"route_table_id":"aws_route_table.subnet1_1.id","subnet_id":"aws_subnet.subnet1_1.id"}},{"address":"aws_subnet.subnet1_1","mode":"managed","type":"aws_subnet","name":"subnet1_1","provider_name":"aws","schema_version":1,"values":{"assign_ipv6_address_on_creation":false,"cidr_block":"10.5.10.0/24","ipv6_cidr_block":null,"map_public_ip_on_launch":false,"outpost_arn":null,"tags":null,"timeouts":null,"vpc_id":"aws_vpc.vpc1.id"}},{"address":"aws_subnet.subnet1_2","mode":"managed","type":"aws_subnet","name":"subnet1_2","provider_name":"aws","schema_version":1,"values":{"assign_ipv6_address_on_creation":false,"cidr_block":"10.5.11.0/24","ipv6_cidr_block":null,"map_public_ip_on_launch":false,"outpost_arn":null,"tags":null,"timeouts":null,"vpc_id":"aws_vpc.vpc1.id"}},{"address":"aws_subnet.subnet2_1","mode":"managed","type":"aws_subnet","name":"subnet2_1","provider_name":"aws","schema_version":1,"values":{"assign_ipv6_address_on_creation":false,"cidr_block":"10.7.10.0/24","ipv6_cidr_block":null,"map_public_ip_on_launch":false,"outpost_arn":null,"tags":null,"timeouts":null,"vpc_id":"aws_vpc.vpc2.id"}},{"address":"aws_subnet.subnet2_2","mode":"managed","type":"aws_subnet","name":"subnet2_2","provider_name":"aws","schema_version":1,"values":{"assign_ipv6_address_on_creation":false,"cidr_block":"10.7.11.0/24","ipv6_cidr_block":null,"map_public_ip_on_launch":false,"outpost_arn":null,"tags":null,"timeouts":null,"vpc_id":"aws_vpc.vpc2.id"}},{"address":"aws_vpc.vpc1","mode":"managed","type":"aws_vpc","name":"vpc1","provider_name":"aws","schema_version":1,"values":{"assign_generated_ipv6_cidr_block":false,"cidr_block":"10.5.0.0/16","enable_dns_support":true,"instance_tenancy":"default","tags":null}},{"address":"aws_vpc.vpc2","mode":"managed","type":"aws_vpc","name":"vpc2","provider_name":"aws","schema_version":1,"values":{"assign_generated_ipv6_cidr_block":false,"cidr_block":"10.7.0.0/16","enable_dns_support":true,"instance_tenancy":"default","tags":null}}],"child_modules":[{"resources":[{"address":"module.vpc-peering.aws_route.peer_routes_region[0]","mode":"managed","type":"aws_route","name":"peer_routes_region","index":0,"provider_name":"aws.peer","schema_version":0,"values":{"destination_ipv6_cidr_block":null,"timeouts":null,"transit_gateway_id":null,"vpc_endpoint_id":null,"vpc_peering_connection_id":"module.vpc-peering.aws_vpc_peering_connection.this.id"}},{"address":"module.vpc-peering.aws_route.this_routes_region[0]","mode":"managed","type":"aws_route","name":"this_routes_region","index":0,"provider_name":"aws.this","schema_version":0,"values":{"destination_ipv6_cidr_block":null,"timeouts":null,"transit_gateway_id":null,"vpc_endpoint_id":null,"vpc_peering_connection_id":"module.vpc-peering.aws_vpc_peering_connection.this.id"}},{"address":"module.vpc-peering.aws_vpc_peering_connection.this","mode":"managed","type":"aws_vpc_peering_connection","name":"this","provider_name":"aws.this","schema_version":0,"values":{"auto_accept":null,"peer_owner_id":"module.vpc-peering.data.aws_caller_identity.peer.account_id","peer_region":"module.vpc-peering.data.aws_region.peer.name","peer_vpc_id":"aws_vpc.vpc2.id","tags":null,"timeouts":null,"vpc_id":"aws_vpc.vpc1.id"}},{"address":"module.vpc-peering.aws_vpc_peering_connection_accepter.peer_accepter","mode":"managed","type":"aws_vpc_peering_connection_accepter","name":"peer_accepter","provider_name":"aws.peer","schema_version":0,"values":{"auto_accept":false,"tags":{"Side":"Accepter"},"vpc_peering_connection_id":"module.vpc-peering.aws_vpc_peering_connection.this.id"}},{"address":"module.vpc-peering.aws_vpc_peering_connection_options.accepter[0]","mode":"managed","type":"aws_vpc_peering_connection_options","name":"accepter","index":0,"provider_name":"aws.peer","schema_version":0,"values":{"accepter":[{"allow_classic_link_to_remote_vpc":false,"allow_remote_vpc_dns_resolution":false,"allow_vpc_to_remote_classic_link":false}],"vpc_peering_connection_id":"module.vpc-peering.aws_vpc_peering_connection_accepter.peer_accepter.id"}},{"address":"module.vpc-peering.aws_vpc_peering_connection_options.this[0]","mode":"managed","type":"aws_vpc_peering_connection_options","name":"this","index":0,"provider_name":"aws.this","schema_version":0,"values":{"requester":[{"allow_classic_link_to_remote_vpc":false,"allow_remote_vpc_dns_resolution":false,"allow_vpc_to_remote_classic_link":false}],"vpc_peering_connection_id":"module.vpc-peering.aws_vpc_peering_connection_accepter.peer_accepter.id"}},{"address":"module.vpc-peering.data.aws_caller_identity.peer","mode":"data","type":"aws_caller_identity","name":"peer","provider_name":"aws.peer","schema_version":0},{"address":"module.vpc-peering.data.aws_caller_identity.this","mode":"data","type":"aws_caller_identity","name":"this","provider_name":"aws.this","schema_version":0},{"address":"module.vpc-peering.data.aws_region.peer","mode":"data","type":"aws_region","name":"peer","provider_name":"aws.peer","schema_version":0},{"address":"module.vpc-peering.data.aws_region.this","mode":"data","type":"aws_region","name":"this","provider_name":"aws.this","schema_version":0},{"address":"module.vpc-peering.data.aws_route_tables.peer_vpc_rts","mode":"data","type":"aws_route_tables","name":"peer_vpc_rts","provider_name":"aws.peer","schema_version":0,"values":{"filter":[],"vpc_id":"aws_vpc.vpc2.id"}},{"address":"module.vpc-peering.data.aws_route_tables.this_vpc_rts","mode":"data","type":"aws_route_tables","name":"this_vpc_rts","provider_name":"aws.this","schema_version":0,"values":{"filter":[],"vpc_id":"aws_vpc.vpc1.id"}},{"address":"module.vpc-peering.data.aws_vpc.peer_vpc","mode":"data","type":"aws_vpc","name":"peer_vpc","provider_name":"aws.peer","schema_version":0,"values":{"filter":[],"id":"aws_vpc.vpc2.id"}},{"address":"module.vpc-peering.data.aws_vpc.this_vpc","mode":"data","type":"aws_vpc","name":"this_vpc","provider_name":"aws.this","schema_version":0,"values":{"filter":[],"id":"aws_vpc.vpc1.id"}}],"address":"module.vpc-peering"}]}},"resource_changes":[{"address":"aws_route_table.subnet1_1","mode":"managed","type":"aws_route_table","name":"subnet1_1","provider_name":"aws","change":{"actions":["create"],"before":null,"after":{"route":[{"cidr_block":"10.7.17.0/24","egress_only_gateway_id":"","gateway_id":"","instance_id":"","ipv6_cidr_block":"","local_gateway_id":"","nat_gateway_id":"","network_interface_id":"","transit_gateway_id":"","vpc_endpoint_id":"","vpc_peering_connection_id":"module.vpc-peering.aws_vpc_peering_connection.this.id"}],"tags":null,"vpc_id":"aws_vpc.vpc1.id"},"after_unknown":{"id":true,"owner_id":true,"propagating_vgws":true,"route":[{}]}}},{"address":"aws_route_table_association.subnet1_1","mode":"managed","type":"aws_route_table_association","name":"subnet1_1","provider_name":"aws","change":{"actions":["create"],"before":null,"after":{"gateway_id":null,"route_table_id":"aws_route_table.subnet1_1.id","subnet_id":"aws_subnet.subnet1_1.id"},"after_unknown":{"id":true}}},{"address":"aws_subnet.subnet1_1","mode":"managed","type":"aws_subnet","name":"subnet1_1","provider_name":"aws","change":{"actions":["create"],"before":null,"after":{"assign_ipv6_address_on_creation":false,"cidr_block":"10.5.10.0/24","ipv6_cidr_block":null,"map_public_ip_on_launch":false,"outpost_arn":null,"tags":null,"timeouts":null,"vpc_id":"aws_vpc.vpc1.id"},"after_unknown":{"arn":true,"availability_zone":true,"availability_zone_id":true,"id":true,"ipv6_cidr_block_association_id":true,"owner_id":true}}},{"address":"aws_subnet.subnet1_2","mode":"managed","type":"aws_subnet","name":"subnet1_2","provider_name":"aws","change":{"actions":["create"],"before":null,"after":{"assign_ipv6_address_on_creation":false,"cidr_block":"10.5.11.0/24","ipv6_cidr_block":null,"map_public_ip_on_launch":false,"outpost_arn":null,"tags":null,"timeouts":null,"vpc_id":"aws_vpc.vpc1.id"},"after_unknown":{"arn":true,"availability_zone":true,"availability_zone_id":true,"id":true,"ipv6_cidr_block_association_id":true,"owner_id":true}}},{"address":"aws_subnet.subnet2_1","mode":"managed","type":"aws_subnet","name":"subnet2_1","provider_name":"aws","change":{"actions":["create"],"before":null,"after":{"assign_ipv6_address_on_creation":false,"cidr_block":"10.7.10.0/24","ipv6_cidr_block":null,"map_public_ip_on_launch":false,"outpost_arn":null,"tags":null,"timeouts":null,"vpc_id":"aws_vpc.vpc2.id"},"after_unknown":{"arn":true,"availability_zone":true,"availability_zone_id":true,"id":true,"ipv6_cidr_block_association_id":true,"owner_id":true}}},{"address":"aws_subnet.subnet2_2","mode":"managed","type":"aws_subnet","name":"subnet2_2","provider_name":"aws","change":{"actions":["create"],"before":null,"after":{"assign_ipv6_address_on_creation":false,"cidr_block":"10.7.11.0/24","ipv6_cidr_block":null,"map_public_ip_on_launch":false,"outpost_arn":null,"tags":null,"timeouts":null,"vpc_id":"aws_vpc.vpc2.id"},"after_unknown":{"arn":true,"availability_zone":true,"availability_zone_id":true,"id":true,"ipv6_cidr_block_association_id":true,"owner_id":true}}},{"address":"aws_vpc.vpc1","mode":"managed","type":"aws_vpc","name":"vpc1","provider_name":"aws","change":{"actions":["create"],"before":null,"after":{"assign_generated_ipv6_cidr_block":false,"cidr_block":"10.5.0.0/16","enable_dns_support":true,"instance_tenancy":"default","tags":null},"after_unknown":{"arn":true,"default_network_acl_id":true,"default_route_table_id":true,"default_security_group_id":true,"dhcp_options_id":true,"enable_classiclink":true,"enable_classiclink_dns_support":true,"enable_dns_hostnames":true,"id":true,"ipv6_association_id":true,"ipv6_cidr_block":true,"main_route_table_id":true,"owner_id":true}}},{"address":"aws_vpc.vpc2","mode":"managed","type":"aws_vpc","name":"vpc2","provider_name":"aws","change":{"actions":["create"],"before":null,"after":{"assign_generated_ipv6_cidr_block":false,"cidr_block":"10.7.0.0/16","enable_dns_support":true,"instance_tenancy":"default","tags":null},"after_unknown":{"arn":true,"default_network_acl_id":true,"default_route_table_id":true,"default_security_group_id":true,"dhcp_options_id":true,"enable_classiclink":true,"enable_classiclink_dns_support":true,"enable_dns_hostnames":true,"id":true,"ipv6_association_id":true,"ipv6_cidr_block":true,"main_route_table_id":true,"owner_id":true}}},{"address":"module.vpc-peering.aws_route.peer_routes_region[0]","module_address":"module.vpc-peering","mode":"managed","type":"aws_route","name":"peer_routes_region","index":0,"provider_name":"aws.peer","change":{"actions":["create"],"before":null,"after":{"destination_ipv6_cidr_block":null,"timeouts":null,"transit_gateway_id":null,"vpc_endpoint_id":null,"vpc_peering_connection_id":"module.vpc-peering.aws_vpc_peering_connection.this.id"},"after_unknown":{"destination_cidr_block":true,"destination_prefix_list_id":true,"egress_only_gateway_id":true,"gateway_id":true,"id":true,"instance_id":true,"instance_owner_id":true,"local_gateway_id":true,"nat_gateway_id":true,"network_interface_id":true,"origin":true,"route_table_id":true,"state":true}}},{"address":"module.vpc-peering.aws_route.this_routes_region[0]","module_address":"module.vpc-peering","mode":"managed","type":"aws_route","name":"this_routes_region","index":0,"provider_name":"aws.this","change":{"actions":["create"],"before":null,"after":{"destination_ipv6_cidr_block":null,"timeouts":null,"transit_gateway_id":null,"vpc_endpoint_id":null,"vpc_peering_connection_id":"module.vpc-peering.aws_vpc_peering_connection.this.id"},"after_unknown":{"destination_cidr_block":true,"destination_prefix_list_id":true,"egress_only_gateway_id":true,"gateway_id":true,"id":true,"instance_id":true,"instance_owner_id":true,"local_gateway_id":true,"nat_gateway_id":true,"network_interface_id":true,"origin":true,"route_table_id":true,"state":true}}},{"address":"module.vpc-peering.aws_vpc_peering_connection.this","module_address":"module.vpc-peering","mode":"managed","type":"aws_vpc_peering_connection","name":"this","provider_name":"aws.this","change":{"actions":["create"],"before":null,"after":{"auto_accept":null,"peer_owner_id":"module.vpc-peering.data.aws_caller_identity.peer.account_id","peer_region":"module.vpc-peering.data.aws_region.peer.name","peer_vpc_id":"aws_vpc.vpc2.id","tags":null,"timeouts":null,"vpc_id":"aws_vpc.vpc1.id"},"after_unknown":{"accept_status":true,"accepter":true,"id":true,"requester":true}}},{"address":"module.vpc-peering.aws_vpc_peering_connection_accepter.peer_accepter","module_address":"module.vpc-peering","mode":"managed","type":"aws_vpc_peering_connection_accepter","name":"peer_accepter","provider_name":"aws.peer","change":{"actions":["create"],"before":null,"after":{"auto_accept":false,"tags":{"Side":"Accepter"},"vpc_peering_connection_id":"module.vpc-peering.aws_vpc_peering_connection.this.id"},"after_unknown":{"accept_status":true,"accepter":true,"id":true,"peer_owner_id":true,"peer_region":true,"peer_vpc_id":true,"requester":true,"tags":{},"vpc_id":true}}},{"address":"module.vpc-peering.aws_vpc_peering_connection_options.accepter[0]","module_address":"module.vpc-peering","mode":"managed","type":"aws_vpc_peering_connection_options","name":"accepter","index":0,"provider_name":"aws.peer","change":{"actions":["create"],"before":null,"after":{"accepter":[{"allow_classic_link_to_remote_vpc":false,"allow_remote_vpc_dns_resolution":false,"allow_vpc_to_remote_classic_link":false}],"vpc_peering_connection_id":"module.vpc-peering.aws_vpc_peering_connection_accepter.peer_accepter.id"},"after_unknown":{"accepter":[{}],"id":true,"requester":true}}},{"address":"module.vpc-peering.aws_vpc_peering_connection_options.this[0]","module_address":"module.vpc-peering","mode":"managed","type":"aws_vpc_peering_connection_options","name":"this","index":0,"provider_name":"aws.this","change":{"actions":["create"],"before":null,"after":{"requester":[{"allow_classic_link_to_remote_vpc":false,"allow_remote_vpc_dns_resolution":false,"allow_vpc_to_remote_classic_link":false}],"vpc_peering_connection_id":"module.vpc-peering.aws_vpc_peering_connection_accepter.peer_accepter.id"},"after_unknown":{"accepter":true,"id":true,"requester":[{}]}}},{"address":"module.vpc-peering.data.aws_caller_identity.peer","module_address":"module.vpc-peering","mode":"data","type":"aws_caller_identity","name":"peer","provider_name":"aws.peer","change":{"actions":["read"],"before":null,"after":{},"after_unknown":{"account_id":true,"arn":true,"id":true,"user_id":true}}},{"address":"module.vpc-peering.data.aws_caller_identity.this","module_address":"module.vpc-peering","mode":"data","type":"aws_caller_identity","name":"this","provider_name":"aws.this","change":{"actions":["read"],"before":null,"after":{},"after_unknown":{"account_id":true,"arn":true,"id":true,"user_id":true}}},{"address":"module.vpc-peering.data.aws_region.peer","module_address":"module.vpc-peering","mode":"data","type":"aws_region","name":"peer","provider_name":"aws.peer","change":{"actions":["read"],"before":null,"after":{},"after_unknown":{"description":true,"endpoint":true,"id":true,"name":true}}},{"address":"module.vpc-peering.data.aws_region.this","module_address":"module.vpc-peering","mode":"data","type":"aws_region","name":"this","provider_name":"aws.this","change":{"actions":["read"],"before":null,"after":{},"after_unknown":{"description":true,"endpoint":true,"id":true,"name":true}}},{"address":"module.vpc-peering.data.aws_route_tables.peer_vpc_rts","module_address":"module.vpc-peering","mode":"data","type":"aws_route_tables","name":"peer_vpc_rts","provider_name":"aws.peer","change":{"actions":["read"],"before":null,"after":{"filter":[],"vpc_id":"aws_vpc.vpc2.id"},"after_unknown":{"filter":[],"id":true,"ids":true,"tags":true}}},{"address":"module.vpc-peering.data.aws_route_tables.this_vpc_rts","module_address":"module.vpc-peering","mode":"data","type":"aws_route_tables","name":"this_vpc_rts","provider_name":"aws.this","change":{"actions":["read"],"before":null,"after":{"filter":[],"vpc_id":"aws_vpc.vpc1.id"},"after_unknown":{"filter":[],"id":true,"ids":true,"tags":true}}},{"address":"module.vpc-peering.data.aws_vpc.peer_vpc","module_address":"module.vpc-peering","mode":"data","type":"aws_vpc","name":"peer_vpc","provider_name":"aws.peer","change":{"actions":["read"],"before":null,"after":{"filter":[],"id":"aws_vpc.vpc2.id"},"after_unknown":{"arn":true,"cidr_block":true,"cidr_block_associations":true,"default":true,"dhcp_options_id":true,"enable_dns_hostnames":true,"enable_dns_support":true,"filter":[],"instance_tenancy":true,"ipv6_association_id":true,"ipv6_cidr_block":true,"main_route_table_id":true,"owner_id":true,"state":true,"tags":true}}},{"address":"module.vpc-peering.data.aws_vpc.this_vpc","module_address":"module.vpc-peering","mode":"data","type":"aws_vpc","name":"this_vpc","provider_name":"aws.this","change":{"actions":["read"],"before":null,"after":{"filter":[],"id":"aws_vpc.vpc1.id"},"after_unknown":{"arn":true,"cidr_block":true,"cidr_block_associations":true,"default":true,"dhcp_options_id":true,"enable_dns_hostnames":true,"enable_dns_support":true,"filter":[],"instance_tenancy":true,"ipv6_association_id":true,"ipv6_cidr_block":true,"main_route_table_id":true,"owner_id":true,"state":true,"tags":true}}}],"output_changes":{"accepter_options":{"actions":["create"],"before":null,"after_unknown":true},"aws_vpc_peering_connection":{"actions":["create"],"before":null,"after_unknown":true},"aws_vpc_peering_connection_accepter":{"actions":["create"],"before":null,"after_unknown":true},"peer_owner_id":{"actions":["create"],"before":null,"after":"module.vpc-peering.data.aws_caller_identity.peer.account_id","after_unknown":false},"peer_region":{"actions":["create"],"before":null,"after":"module.vpc-peering.aws_vpc_peering_connection_accepter.peer_accepter.peer_region","after_unknown":false},"peer_vpc_id":{"actions":["create"],"before":null,"after":"module.vpc-peering.aws_vpc_peering_connection_accepter.peer_accepter.vpc_id","after_unknown":false},"peer_vpc_route_table":{"actions":["create"],"before":null,"after_unknown":true},"requester_options":{"actions":["create"],"before":null,"after_unknown":true},"this_owner_id":{"actions":["create"],"before":null,"after":"module.vpc-peering.aws_vpc_peering_connection_accepter.peer_accepter.peer_owner_id","after_unknown":false},"this_vpc_id":{"actions":["create"],"before":null,"after":"module.vpc-peering.aws_vpc_peering_connection_accepter.peer_accepter.peer_vpc_id","after_unknown":false},"this_vpc_route_tables":{"actions":["create"],"before":null,"after_unknown":true},"vpc_peering_accept_status":{"actions":["create"],"before":null,"after":"module.vpc-peering.aws_vpc_peering_connection_accepter.peer_accepter.accept_status","after_unknown":false},"vpc_peering_id":{"actions":["create"],"before":null,"after":"module.vpc-peering.aws_vpc_peering_connection.this.id","after_unknown":false}},"configuration":{"provider_config":{"aws":{"name":"aws","expressions":{"region":{"constant_value":"eu-west-1"}}},"vpc-peering:aws.peer":{"name":"aws","alias":"peer","module_address":"vpc-peering","expressions":{"region":{"constant_value":"eu-west-1"}}},"vpc-peering:aws.this":{"name":"aws","alias":"this","module_address":"vpc-peering","expressions":{"region":{"constant_value":"eu-west-1"}}}},"root_module":{"resources":[{"address":"aws_route_table.subnet1_1","mode":"managed","type":"aws_route_table","name":"subnet1_1","provider_config_key":"aws","expressions":{"vpc_id":{"references":["aws_vpc.vpc1"]}},"schema_version":0,"raw_data":{"FileName":"main.tf","StartLine":45,"EndLine":51}},{"address":"aws_route_table_association.subnet1_1","mode":"managed","type":"aws_route_table_association","name":"subnet1_1","provider_config_key":"aws","expressions":{"route_table_id":{"references":["aws_route_table.subnet1_1"]},"subnet_id":{"references":["aws_subnet.subnet1_1"]}},"schema_version":0,"raw_data":{"FileName":"main.tf","StartLine":53,"EndLine":56}},{"address":"aws_subnet.subnet1_1","mode":"managed","type":"aws_subnet","name":"subnet1_1","provider_config_key":"aws","expressions":{"cidr_block":{"constant_value":"10.5.10.0/24"},"vpc_id":{"references":["aws_vpc.vpc1"]}},"schema_version":1,"raw_data":{"FileName":"main.tf","StartLine":14,"EndLine":17}},{"address":"aws_subnet.subnet1_2","mode":"managed","type":"aws_subnet","name":"subnet1_2","provider_config_key":"aws","expressions":{"cidr_block":{"constant_value":"10.5.11.0/24"},"vpc_id":{"references":["aws_vpc.vpc1"]}},"schema_version":1,"raw_data":{"FileName":"main.tf","StartLine":19,"EndLine":22}},{"address":"aws_subnet.subnet2_1","mode":"managed","type":"aws_subnet","name":"subnet2_1","provider_config_key":"aws","expressions":{"cidr_block":{"constant_value":"10.7.10.0/24"},"vpc_id":{"references":["aws_vpc.vpc2"]}},"schema_version":1,"raw_data":{"FileName":"main.tf","StartLine":28,"EndLine":31}},{"address":"aws_subnet.subnet2_2","mode":"managed","type":"aws_subnet","name":"subnet2_2","provider_config_key":"aws","expressions":{"cidr_block":{"constant_value":"10.7.11.0/24"},"vpc_id":{"references":["aws_vpc.vpc2"]}},"schema_version":1,"raw_data":{"FileName":"main.tf","StartLine":33,"EndLine":36}},{"address":"aws_vpc.vpc1","mode":"managed","type":"aws_vpc","name":"vpc1","provider_config_key":"aws","expressions":{"cidr_block":{"constant_value":"10.5.0.0/16"}},"schema_version":1,"raw_data":{"FileName":"main.tf","StartLine":10,"EndLine":12}},{"address":"aws_vpc.vpc2","mode":"managed","type":"aws_vpc","name":"vpc2","provider_config_key":"aws","expressions":{"cidr_block":{"constant_value":"10.7.0.0/16"}},"schema_version":1,"raw_data":{"FileName":"main.tf","StartLine":24,"EndLine":26}}],"module_calls":{"vpc-peering":{"source":"./modules/vpc-peering","expressions":{"peer_vpc_id":{"references":["aws_vpc.vpc2"]},"this_vpc_id":{"references":["aws_vpc.vpc1"]}},"module":{"outputs":{"accepter_options":{"expression":{"references":["aws_vpc_peering_connection_accepter.peer_accepter"]},"description":"VPC Peering Connection options set for the accepter VPC"},"aws_vpc_peering_connection":{"expression":{"references":["aws_vpc_peering_connection.this"]}},"aws_vpc_peering_connection_accepter":{"expression":{"references":["aws_vpc_peering_connection_accepter.peer_accepter"]}},"peer_owner_id":{"expression":{"references":["data.aws_caller_identity.peer"]},"description":"The AWS account ID of the owner of the accepter VPC"},"peer_region":{"expression":{"references":["aws_vpc_peering_connection_accepter.peer_accepter"]},"description":"The region of the accepter VPC"},"peer_vpc_id":{"expression":{"references":["aws_vpc_peering_connection_accepter.peer_accepter"]},"description":"The ID of the accepter VPC"},"peer_vpc_route_table":{"expression":{"references":["data.aws_route_tables.peer_vpc_rts"]},"description":"Public route tables"},"requester_options":{"expression":{"references":["aws_vpc_peering_connection_accepter.peer_accepter"]},"description":"VPC Peering Connection options set for the requester VPC"},"this_owner_id":{"expression":{"references":["aws_vpc_peering_connection_accepter.peer_accepter"]},"description":"The AWS account ID of the owner of the requester VPC"},"this_vpc_id":{"expression":{"references":["aws_vpc_peering_connection_accepter.peer_accepter"]},"description":"The ID of the requester VPC"},"this_vpc_route_tables":{"expression":{"references":["data.aws_route_tables.this_vpc_rts"]},"description":"Private route tables"},"vpc_peering_accept_status":{"expression":{"references":["aws_vpc_peering_connection_accepter.peer_accepter"]},"description":"Accept status for the connection"},"vpc_peering_id":{"expression":{"references":["aws_vpc_peering_connection.this"]},"description":"Peering connection ID"}},"resources":[{"address":"aws_route.peer_routes_region","mode":"managed","type":"aws_route","name":"peer_routes_region","provider_config_key":"vpc-peering:aws.peer","expressions":{"destination_cidr_block":{"references":["data.aws_vpc.this_vpc"]},"route_table_id":{"references":["data.aws_route_tables.peer_vpc_rts","count.index"]},"vpc_peering_connection_id":{"references":["aws_vpc_peering_connection.this"]}},"schema_version":0,"count_expression":{"constant_value":1},"raw_data":{"FileName":"modules/vpc-peering/main.tf","StartLine":89,"EndLine":95}},{"address":"aws_route.this_routes_region","mode":"managed","type":"aws_route","name":"this_routes_region","provider_config_key":"vpc-peering:aws.this","expressions":{"destination_cidr_block":{"references":["data.aws_vpc.peer_vpc"]},"route_table_id":{"references":["data.aws_route_tables.this_vpc_rts","count.index"]},"vpc_peering_connection_id":{"references":["aws_vpc_peering_connection.this"]}},"schema_version":0,"count_expression":{"constant_value":1},"raw_data":{"FileName":"modules/vpc-peering/main.tf","StartLine":78,"EndLine":84}},{"address":"aws_vpc_peering_connection.this","mode":"managed","type":"aws_vpc_peering_connection","name":"this","provider_config_key":"vpc-peering:aws.this","expressions":{"peer_owner_id":{"references":["data.aws_caller_identity.peer"]},"peer_region":{"references":["data.aws_region.peer"]},"peer_vpc_id":{"references":["var.peer_vpc_id"]},"tags":{"references":["var.tags"]},"vpc_id":{"references":["var.this_vpc_id"]}},"schema_version":0,"raw_data":{"FileName":"modules/vpc-peering/main.tf","StartLine":23,"EndLine":30}},{"address":"aws_vpc_peering_connection_accepter.peer_accepter","mode":"managed","type":"aws_vpc_peering_connection_accepter","name":"peer_accepter","provider_config_key":"vpc-peering:aws.peer","expressions":{"auto_accept":{"references":["var.auto_accept_peering"]},"tags":{"references":["var.tags"]},"vpc_peering_connection_id":{"references":["aws_vpc_peering_connection.this"]}},"schema_version":0,"raw_data":{"FileName":"modules/vpc-peering/main.tf","StartLine":35,"EndLine":40}},{"address":"aws_vpc_peering_connection_options.accepter","mode":"managed","type":"aws_vpc_peering_connection_options","name":"accepter","provider_config_key":"vpc-peering:aws.peer","expressions":{"accepter":[{"allow_classic_link_to_remote_vpc":{"references":["var.peer_link_to_peer_classic"]},"allow_remote_vpc_dns_resolution":{"references":["var.peer_dns_resolution"]},"allow_vpc_to_remote_classic_link":{"references":["var.peer_link_to_local_classic"]}}],"vpc_peering_connection_id":{"references":["aws_vpc_peering_connection_accepter.peer_accepter"]}},"schema_version":0,"count_expression":{"constant_value":1},"raw_data":{"FileName":"modules/vpc-peering/main.tf","StartLine":60,"EndLine":73}},{"address":"aws_vpc_peering_connection_options.this","mode":"managed","type":"aws_vpc_peering_connection_options","name":"this","provider_config_key":"vpc-peering:aws.this","expressions":{"requester":[{"allow_classic_link_to_remote_vpc":{"references":["var.this_link_to_peer_classic"]},"allow_remote_vpc_dns_resolution":{"references":["var.this_dns_resolution"]},"allow_vpc_to_remote_classic_link":{"references":["var.this_link_to_local_classic"]}}],"vpc_peering_connection_id":{"references":["aws_vpc_peering_connection_accepter.peer_accepter"]}},"schema_version":0,"count_expression":{"constant_value":1},"raw_data":{"FileName":"modules/vpc-peering/main.tf","StartLine":45,"EndLine":58}},{"address":"data.aws_caller_identity.peer","mode":"data","type":"aws_caller_identity","name":"peer","provider_config_key":"vpc-peering:aws.peer","schema_version":0,"raw_data":{"FileName":"modules/vpc-peering/data.tf","StartLine":8,"EndLine":10}},{"address":"data.aws_caller_identity.this","mode":"data","type":"aws_caller_identity","name":"this","provider_config_key":"vpc-peering:aws.this","schema_version":0,"raw_data":{"FileName":"modules/vpc-peering/data.tf","StartLine":1,"EndLine":3}},{"address":"data.aws_region.peer","mode":"data","type":"aws_region","name":"peer","provider_config_key":"vpc-peering:aws.peer","schema_version":0,"raw_data":{"FileName":"modules/vpc-peering/data.tf","StartLine":11,"EndLine":13}},{"address":"data.aws_region.this","mode":"data","type":"aws_region","name":"this","provider_config_key":"vpc-peering:aws.this","schema_version":0,"raw_data":{"FileName":"modules/vpc-peering/data.tf","StartLine":4,"EndLine":6}},{"address":"data.aws_route_tables.peer_vpc_rts","mode":"data","type":"aws_route_tables","name":"peer_vpc_rts","provider_config_key":"vpc-peering:aws.peer","expressions":{"vpc_id":{"references":["var.peer_vpc_id"]}},"schema_version":0,"raw_data":{"FileName":"modules/vpc-peering/data.tf","StartLine":30,"EndLine":33}},{"address":"data.aws_route_tables.this_vpc_rts","mode":"data","type":"aws_route_tables","name":"this_vpc_rts","provider_config_key":"vpc-peering:aws.this","expressions":{"vpc_id":{"references":["var.this_vpc_id"]}},"schema_version":0,"raw_data":{"FileName":"modules/vpc-peering/data.tf","StartLine":25,"EndLine":28}},{"address":"data.aws_vpc.peer_vpc","mode":"data","type":"aws_vpc","name":"peer_vpc","provider_config_key":"vpc-peering:aws.peer","expressions":{"id":{"references":["var.peer_vpc_id"]}},"schema_version":0,"raw_data":{"FileName":"modules/vpc-peering/data.tf","StartLine":20,"EndLine":23}},{"address":"data.aws_vpc.this_vpc","mode":"data","type":"aws_vpc","name":"this_vpc","provider_config_key":"vpc-peering:aws.this","expressions":{"id":{"references":["var.this_vpc_id"]}},"schema_version":0,"raw_data":{"FileName":"modules/vpc-peering/data.tf","StartLine":15,"EndLine":18}}],"variables":{"auto_accept_peering":{"default":false,"description":"Auto accept peering connection: bool"},"peer_dns_resolution":{"default":false,"description":"Indicates whether a local VPC can resolve public DNS hostnames to private IP addresses when queried from instances in a peer VPC"},"peer_link_to_local_classic":{"default":false,"description":"Indicates whether a local VPC can communicate with a ClassicLink connection in the peer VPC over the VPC Peering Connection"},"peer_link_to_peer_classic":{"default":false,"description":"Indicates whether a local ClassicLink connection can communicate with the peer VPC over the VPC Peering Connection"},"peer_vpc_id":{"default":"","description":"Peer VPC ID: string"},"tags":{"default":{},"description":"Tags: map"},"this_dns_resolution":{"default":false,"description":"Indicates whether a local VPC can resolve public DNS hostnames to private IP addresses when queried from instances in a this VPC"},"this_link_to_local_classic":{"default":false,"description":"Indicates whether a local VPC can communicate with a ClassicLink connection in the this VPC over the VPC Peering Connection"},"this_link_to_peer_classic":{"default":false,"description":"Indicates whether a local ClassicLink connection can communicate with the this VPC over the VPC Peering Connection"},"this_vpc_id":{"default":"","description":"This VPC ID: string"}}},"raw_data":{"FileName":"main.tf","StartLine":38,"EndLine":43}}}}}}
