{"format_version":"0.1","terraform_version":"0.13.4","planned_values":{"outputs":{"aws_auth_roles":{"sensitive":false,"value":[]},"azs":{"sensitive":false,"value":["us-east-1a","us-east-1b"]},"cgw_arns":{"sensitive":false,"value":[]},"cgw_ids":{"sensitive":false,"value":[]},"cloudwatch_log_group_arn":{"sensitive":false,"value":""},"cloudwatch_log_group_name":{"sensitive":false,"value":""},"cluster_arn":{"sensitive":false,"value":"arn:aws:eks:us-east-1:115553109071:cluster/my-cluster"},"cluster_certificate_authority_data":{"sensitive":false,"value":"LS0tLS1CRUdJTiBDRVJUSUZJQ0FURS0tLS0tCk1JSUN5RENDQWJDZ0F3SUJBZ0lCQURBTkJna3Foa2lHOXcwQkFRc0ZBREFWTVJNd0VRWURWUVFERXdwcmRXSmwKY201bGRHVnpNQjRYRFRJeE1EWXlNVEUwTVRRME9Gb1hEVE14TURZeE9URTBNVFEwT0Zvd0ZURVRNQkVHQTFVRQpBeE1LYTNWaVpYSnVaWFJsY3pDQ0FTSXdEUVlKS29aSWh2Y05BUUVCQlFBRGdnRVBBRENDQVFvQ2dnRUJBTzhMCnc4OUNQNTRSMlNZVmxVb0E2NWRCN0c2MUViTlM4YVI2dEVMSGhhTXU3UEhhelVZRHl5Q3N4c2hyNEl0ckpnb3oKRGtIZ0dpQnJhSDRJMlViNkthbURNYUNwQ3kvRzdrQ1ZoQ3JhekJibEduaUNUeEVqallZMUhTK1gwWnk1NVpBRgpaRWFmQjFmNjdpRWZ1MlhTTFducjNySGY3amVpVUpZaE11WlB3NkxWZnBBZzdqcWJXQks3MTRNdlkyN3M4MUxMCjJQcG5ZUDdCK0pIQ1V4OUFzcjFXNlExaWFHbi9nOE5Tc1J6NjcrdnJXaURGV044TGVGY1pNekxRK29ldC9YTFAKMjVVaThicnY5cFFLa1FEd1I3azNIelRsZ1hhdnNKVTZ3OWEvb3NOamNjUjJpak1hMUtZZHUzWlB1WGxmc3J4ZgoyQkVtVm9SUkdzMS9yS1ljUUowQ0F3RUFBYU1qTUNFd0RnWURWUjBQQVFIL0JBUURBZ0trTUE4R0ExVWRFd0VCCi93UUZNQU1CQWY4d0RRWUpLb1pJaHZjTkFRRUxCUUFEZ2dFQkFERjlpY1BtTnRTcTN6eUxSbGtKRVBOQnBsdmMKNWQ2bFdobFdSTWpvSWw3bi83emRRU1FudytiWTZKcldWNHpkVkNJWEdEdHkrOEIrSFZ4UmlsUDMzNkc4citUbwpCek12Tzh0ZWFpQXhkdWdCbjdGeW1zWGxteHNabTg0Wk9NY2xXN2lsWVEyUzJSRUtMOEIyMWRCMXFsRENOakFiClVaMVJKS1dROWtzQTBjM1QrRnRXanNLUmRGYm1SenMvRnlUcmpnVUVxM2FGRUtkMVRoYUNUVVltRFc3NTY0cTEKQVI5MXp6NUFRdVZVYTdCb0FWd3B6aVlvQzQyQWFpQi9oVW5rYXRpdlRmVWUxMm1POVQxWWFKN1J0ZHJKcmxQeApmWmxzbm50SjJGWGpXaGhxRjFwYzJweE9PSU5QZU5YZ1QwWjZSWDRvMGhSTk9CZ2REODJaend5Y0VRMD0KLS0tLS1FTkQgQ0VSVElGSUNBVEUtLS0tLQo="},"cluster_endpoint":{"sensitive":false,"value":"https://CDF34ACD35FAAD442D31CDD8BB5D36C7.gr7.us-east-1.eks.amazonaws.com"},"cluster_iam_role_arn":{"sensitive":false,"value":"arn:aws:iam::115553109071:role/my-cluster20210621140714296400000002"},"cluster_iam_role_name":{"sensitive":false,"value":"my-cluster20210621140714296400000002"},"cluster_id":{"sensitive":false,"value":"my-cluster"},"cluster_oidc_issuer_url":{"sensitive":false,"value":"https://oidc.eks.us-east-1.amazonaws.com/id/CDF34ACD35FAAD442D31CDD8BB5D36C7"},"cluster_primary_security_group_id":{"sensitive":false,"value":"sg-04b73a551b1303653"},"cluster_security_group_id":{"sensitive":false,"value":"sg-087cf3957f9627447"},"cluster_version":{"sensitive":false,"value":"1.16"},"config_map_aws_auth":{"sensitive":false,"value":[{"binary_data":null,"data":{"mapAccounts":"[]\n","mapRoles":"- \"groups\":\n  - \"system:bootstrappers\"\n  - \"system:nodes\"\n  \"rolearn\": \"arn:aws:iam::115553109071:role/my-cluster20210621141930025400000009\"\n  \"username\": \"system:node:{{EC2PrivateDNSName}}\"\n","mapUsers":"[]\n"},"id":"kube-system/aws-auth","metadata":[{"annotations":null,"generate_name":"","generation":0,"labels":{"app.kubernetes.io/managed-by":"Terraform","terraform.io/module":"terraform-aws-modules.eks.aws"},"name":"aws-auth","namespace":"kube-system","resource_version":"696","self_link":"/api/v1/namespaces/kube-system/configmaps/aws-auth","uid":"04193e5f-6d86-44d5-9544-4d8b8d02db1f"}]}]},"database_internet_gateway_route_id":{"sensitive":false,"value":""},"database_ipv6_egress_route_id":{"sensitive":false,"value":""},"database_nat_gateway_route_ids":{"sensitive":false,"value":[]},"database_network_acl_arn":{"sensitive":false,"value":""},"database_network_acl_id":{"sensitive":false,"value":""},"database_route_table_association_ids":{"sensitive":false,"value":[]},"database_route_table_ids":{"sensitive":false,"value":["rtb-08f6e18da0ff00626","rtb-06c665fa50bb4cb83"]},"database_subnet_arns":{"sensitive":false,"value":[]},"database_subnet_group":{"sensitive":false,"value":""},"database_subnet_group_name":{"sensitive":false,"value":""},"database_subnets":{"sensitive":false,"value":[]},"database_subnets_cidr_blocks":{"sensitive":false,"value":[]},"database_subnets_ipv6_cidr_blocks":{"sensitive":false,"value":[]},"default_network_acl_id":{"sensitive":false,"value":"acl-09969e21f2a7b4388"},"default_route_table_id":{"sensitive":false,"value":"rtb-06c1e58e20ad63f2d"},"default_security_group_id":{"sensitive":false,"value":"sg-001b74d8c65cd6150"},"default_vpc_arn":{"sensitive":false,"value":""},"default_vpc_cidr_block":{"sensitive":false,"value":""},"default_vpc_default_network_acl_id":{"sensitive":false,"value":""},"default_vpc_default_route_table_id":{"sensitive":false,"value":""},"default_vpc_default_security_group_id":{"sensitive":false,"value":""},"default_vpc_enable_dns_hostnames":{"sensitive":false,"value":""},"default_vpc_enable_dns_support":{"sensitive":false,"value":""},"default_vpc_id":{"sensitive":false,"value":""},"default_vpc_instance_tenancy":{"sensitive":false,"value":""},"default_vpc_main_route_table_id":{"sensitive":false,"value":""},"egress_only_internet_gateway_id":{"sensitive":false,"value":""},"elasticache_network_acl_arn":{"sensitive":false,"value":""},"elasticache_network_acl_id":{"sensitive":false,"value":""},"elasticache_route_table_association_ids":{"sensitive":false,"value":[]},"elasticache_route_table_ids":{"sensitive":false,"value":["rtb-08f6e18da0ff00626","rtb-06c665fa50bb4cb83"]},"elasticache_subnet_arns":{"sensitive":false,"value":[]},"elasticache_subnet_group":{"sensitive":false,"value":""},"elasticache_subnet_group_name":{"sensitive":false,"value":""},"elasticache_subnets":{"sensitive":false,"value":[]},"elasticache_subnets_cidr_blocks":{"sensitive":false,"value":[]},"elasticache_subnets_ipv6_cidr_blocks":{"sensitive":false,"value":[]},"fargate_iam_role_arn":{"sensitive":false,"value":""},"fargate_iam_role_name":{"sensitive":false,"value":""},"fargate_profile_arns":{"sensitive":false,"value":[]},"fargate_profile_ids":{"sensitive":false,"value":[]},"iam_role_arn":{"sensitive":false,"value":""},"iam_role_name":{"sensitive":false,"value":""},"igw_arn":{"sensitive":false,"value":"arn:aws:ec2:us-east-1:115553109071:internet-gateway/igw-0148c476914ff0b38"},"igw_id":{"sensitive":false,"value":"igw-0148c476914ff0b38"},"intra_network_acl_arn":{"sensitive":false,"value":""},"intra_network_acl_id":{"sensitive":false,"value":""},"intra_route_table_association_ids":{"sensitive":false,"value":[]},"intra_route_table_ids":{"sensitive":false,"value":[]},"intra_subnet_arns":{"sensitive":false,"value":[]},"intra_subnets":{"sensitive":false,"value":[]},"intra_subnets_cidr_blocks":{"sensitive":false,"value":[]},"intra_subnets_ipv6_cidr_blocks":{"sensitive":false,"value":[]},"kubeconfig":{"sensitive":false,"value":"apiVersion: v1\npreferences: {}\nkind: Config\n\nclusters:\n- cluster:\n    server: https://CDF34ACD35FAAD442D31CDD8BB5D36C7.gr7.us-east-1.eks.amazonaws.com\n    certificate-authority-data: LS0tLS1CRUdJTiBDRVJUSUZJQ0FURS0tLS0tCk1JSUN5RENDQWJDZ0F3SUJBZ0lCQURBTkJna3Foa2lHOXcwQkFRc0ZBREFWTVJNd0VRWURWUVFERXdwcmRXSmwKY201bGRHVnpNQjRYRFRJeE1EWXlNVEUwTVRRME9Gb1hEVE14TURZeE9URTBNVFEwT0Zvd0ZURVRNQkVHQTFVRQpBeE1LYTNWaVpYSnVaWFJsY3pDQ0FTSXdEUVlKS29aSWh2Y05BUUVCQlFBRGdnRVBBRENDQVFvQ2dnRUJBTzhMCnc4OUNQNTRSMlNZVmxVb0E2NWRCN0c2MUViTlM4YVI2dEVMSGhhTXU3UEhhelVZRHl5Q3N4c2hyNEl0ckpnb3oKRGtIZ0dpQnJhSDRJMlViNkthbURNYUNwQ3kvRzdrQ1ZoQ3JhekJibEduaUNUeEVqallZMUhTK1gwWnk1NVpBRgpaRWFmQjFmNjdpRWZ1MlhTTFducjNySGY3amVpVUpZaE11WlB3NkxWZnBBZzdqcWJXQks3MTRNdlkyN3M4MUxMCjJQcG5ZUDdCK0pIQ1V4OUFzcjFXNlExaWFHbi9nOE5Tc1J6NjcrdnJXaURGV044TGVGY1pNekxRK29ldC9YTFAKMjVVaThicnY5cFFLa1FEd1I3azNIelRsZ1hhdnNKVTZ3OWEvb3NOamNjUjJpak1hMUtZZHUzWlB1WGxmc3J4ZgoyQkVtVm9SUkdzMS9yS1ljUUowQ0F3RUFBYU1qTUNFd0RnWURWUjBQQVFIL0JBUURBZ0trTUE4R0ExVWRFd0VCCi93UUZNQU1CQWY4d0RRWUpLb1pJaHZjTkFRRUxCUUFEZ2dFQkFERjlpY1BtTnRTcTN6eUxSbGtKRVBOQnBsdmMKNWQ2bFdobFdSTWpvSWw3bi83emRRU1FudytiWTZKcldWNHpkVkNJWEdEdHkrOEIrSFZ4UmlsUDMzNkc4citUbwpCek12Tzh0ZWFpQXhkdWdCbjdGeW1zWGxteHNabTg0Wk9NY2xXN2lsWVEyUzJSRUtMOEIyMWRCMXFsRENOakFiClVaMVJKS1dROWtzQTBjM1QrRnRXanNLUmRGYm1SenMvRnlUcmpnVUVxM2FGRUtkMVRoYUNUVVltRFc3NTY0cTEKQVI5MXp6NUFRdVZVYTdCb0FWd3B6aVlvQzQyQWFpQi9oVW5rYXRpdlRmVWUxMm1POVQxWWFKN1J0ZHJKcmxQeApmWmxzbm50SjJGWGpXaGhxRjFwYzJweE9PSU5QZU5YZ1QwWjZSWDRvMGhSTk9CZ2REODJaend5Y0VRMD0KLS0tLS1FTkQgQ0VSVElGSUNBVEUtLS0tLQo=\n  name: eks_my-cluster\n\ncontexts:\n- context:\n    cluster: eks_my-cluster\n    user: eks_my-cluster\n  name: eks_my-cluster\n\ncurrent-context: eks_my-cluster\n\nusers:\n- name: eks_my-cluster\n  user:\n    exec:\n      apiVersion: client.authentication.k8s.io/v1alpha1\n      command: aws-iam-authenticator\n      args:\n        - \"token\"\n        - \"-i\"\n        - \"my-cluster\"\n"},"kubeconfig_filename":{"sensitive":false,"value":"./kubeconfig_my-cluster"},"name":{"sensitive":false,"value":"test"},"nat_ids":{"sensitive":false,"value":["eipalloc-070914c57f6f1e1b4","eipalloc-006743aee166e0f70"]},"nat_public_ips":{"sensitive":false,"value":["3.213.215.2","3.209.212.11"]},"natgw_ids":{"sensitive":false,"value":["nat-02d56cb0a5526227b","nat-074e6f093539831d9"]},"node_groups":{"sensitive":false,"value":{}},"outpost_network_acl_arn":{"sensitive":false,"value":""},"outpost_network_acl_id":{"sensitive":false,"value":""},"outpost_subnet_arns":{"sensitive":false,"value":[]},"outpost_subnets":{"sensitive":false,"value":[]},"outpost_subnets_cidr_blocks":{"sensitive":false,"value":[]},"outpost_subnets_ipv6_cidr_blocks":{"sensitive":false,"value":[]},"private_ipv6_egress_route_ids":{"sensitive":false,"value":[]},"private_nat_gateway_route_ids":{"sensitive":false,"value":["r-rtb-08f6e18da0ff006261080289494","r-rtb-06c665fa50bb4cb831080289494"]},"private_network_acl_arn":{"sensitive":false,"value":""},"private_network_acl_id":{"sensitive":false,"value":""},"private_route_table_association_ids":{"sensitive":false,"value":["rtbassoc-06bcffadfa5eb12fc","rtbassoc-0d783d9f6b22ff9a0"]},"private_route_table_ids":{"sensitive":false,"value":["rtb-08f6e18da0ff00626","rtb-06c665fa50bb4cb83"]},"private_subnet_arns":{"sensitive":false,"value":["arn:aws:ec2:us-east-1:115553109071:subnet/subnet-022685ee8d3663b5c","arn:aws:ec2:us-east-1:115553109071:subnet/subnet-087af17d6e6623026"]},"private_subnets":{"sensitive":false,"value":["subnet-022685ee8d3663b5c","subnet-087af17d6e6623026"]},"private_subnets_cidr_blocks":{"sensitive":false,"value":["10.0.1.0/24","10.0.2.0/24"]},"private_subnets_ipv6_cidr_blocks":{"sensitive":false,"value":["",""]},"public_internet_gateway_ipv6_route_id":{"sensitive":false,"value":""},"public_internet_gateway_route_id":{"sensitive":false,"value":"r-rtb-04133c8833b5a84891080289494"},"public_network_acl_arn":{"sensitive":false,"value":""},"public_network_acl_id":{"sensitive":false,"value":""},"public_route_table_association_ids":{"sensitive":false,"value":["rtbassoc-0d20a55cf71ae680a","rtbassoc-006e4af23dd7c863a"]},"public_route_table_ids":{"sensitive":false,"value":["rtb-04133c8833b5a8489"]},"public_subnet_arns":{"sensitive":false,"value":["arn:aws:ec2:us-east-1:115553109071:subnet/subnet-01646b282db0e6add","arn:aws:ec2:us-east-1:115553109071:subnet/subnet-0ba91749c22101798"]},"public_subnets":{"sensitive":false,"value":["subnet-01646b282db0e6add","subnet-0ba91749c22101798"]},"public_subnets_cidr_blocks":{"sensitive":false,"value":["10.0.101.0/24","10.0.102.0/24"]},"public_subnets_ipv6_cidr_blocks":{"sensitive":false,"value":["",""]},"redshift_network_acl_arn":{"sensitive":false,"value":""},"redshift_network_acl_id":{"sensitive":false,"value":""},"redshift_public_route_table_association_ids":{"sensitive":false,"value":[]},"redshift_route_table_association_ids":{"sensitive":false,"value":[]},"redshift_route_table_ids":{"sensitive":false,"value":["rtb-08f6e18da0ff00626","rtb-06c665fa50bb4cb83"]},"redshift_subnet_arns":{"sensitive":false,"value":[]},"redshift_subnet_group":{"sensitive":false,"value":""},"redshift_subnets":{"sensitive":false,"value":[]},"redshift_subnets_cidr_blocks":{"sensitive":false,"value":[]},"redshift_subnets_ipv6_cidr_blocks":{"sensitive":false,"value":[]},"security_group_rule_cluster_https_worker_ingress":{"sensitive":false,"value":[{"cidr_blocks":null,"description":"Allow pods to communicate with the EKS cluster API.","from_port":443,"id":"sgrule-1835664954","ipv6_cidr_blocks":null,"prefix_list_ids":null,"protocol":"tcp","security_group_id":"sg-087cf3957f9627447","self":false,"source_security_group_id":"sg-076113f4dbf56b7ed","to_port":443,"type":"ingress"}]},"this_customer_gateway":{"sensitive":false,"value":{}},"vgw_arn":{"sensitive":false,"value":"arn:aws:ec2:us-east-1:115553109071:vpn-gateway/vgw-0c2346057504ff0fd"},"vgw_id":{"sensitive":false,"value":"vgw-0c2346057504ff0fd"},"vpc_arn":{"sensitive":false,"value":"arn:aws:ec2:us-east-1:115553109071:vpc/vpc-02b7f3126a5108c32"},"vpc_cidr_block":{"sensitive":false,"value":"10.0.0.0/16"},"vpc_enable_dns_hostnames":{"sensitive":false,"value":false},"vpc_enable_dns_support":{"sensitive":false,"value":true},"vpc_flow_log_cloudwatch_iam_role_arn":{"sensitive":false,"value":""},"vpc_flow_log_destination_arn":{"sensitive":false,"value":""},"vpc_flow_log_destination_type":{"sensitive":false,"value":"cloud-watch-logs"},"vpc_flow_log_id":{"sensitive":false,"value":""},"vpc_id":{"sensitive":false,"value":"vpc-02b7f3126a5108c32"},"vpc_instance_tenancy":{"sensitive":false,"value":"default"},"vpc_ipv6_association_id":{"sensitive":false,"value":""},"vpc_ipv6_cidr_block":{"sensitive":false,"value":""},"vpc_main_route_table_id":{"sensitive":false,"value":"rtb-06c1e58e20ad63f2d"},"vpc_owner_id":{"sensitive":false,"value":"115553109071"},"vpc_secondary_cidr_blocks":{"sensitive":false,"value":[]},"worker_iam_instance_profile_arns":{"sensitive":false,"value":["arn:aws:iam::115553109071:instance-profile/my-cluster2021062114193820670000000a"]},"worker_iam_instance_profile_names":{"sensitive":false,"value":["my-cluster2021062114193820670000000a"]},"worker_iam_role_arn":{"sensitive":false,"value":"arn:aws:iam::115553109071:role/my-cluster20210621141930025400000009"},"worker_iam_role_name":{"sensitive":false,"value":"my-cluster20210621141930025400000009"},"worker_security_group_id":{"sensitive":false,"value":"sg-076113f4dbf56b7ed"},"workers_asg_arns":{"sensitive":false,"value":["arn:aws:autoscaling:us-east-1:115553109071:autoScalingGroup:ea5bd0af-d82b-4872-b555-567be9ca8a49:autoScalingGroupName/my-cluster-02021062114194886310000000f"]},"workers_asg_names":{"sensitive":false,"value":["my-cluster-02021062114194886310000000f"]},"workers_default_ami_id":{"sensitive":false,"value":"ami-0cfde6d4e50a9037b"},"workers_default_ami_id_windows":{"sensitive":false,"value":""},"workers_launch_template_arns":{"sensitive":false,"value":[]},"workers_launch_template_ids":{"sensitive":false,"value":[]},"workers_launch_template_latest_versions":{"sensitive":false,"value":[]},"workers_user_data":{"sensitive":false,"value":["#!/bin/bash -e\n\n# Allow user supplied pre userdata code\n\n\n# Bootstrap and join the cluster\n/etc/eks/bootstrap.sh --b64-cluster-ca 'LS0tLS1CRUdJTiBDRVJUSUZJQ0FURS0tLS0tCk1JSUN5RENDQWJDZ0F3SUJBZ0lCQURBTkJna3Foa2lHOXcwQkFRc0ZBREFWTVJNd0VRWURWUVFERXdwcmRXSmwKY201bGRHVnpNQjRYRFRJeE1EWXlNVEUwTVRRME9Gb1hEVE14TURZeE9URTBNVFEwT0Zvd0ZURVRNQkVHQTFVRQpBeE1LYTNWaVpYSnVaWFJsY3pDQ0FTSXdEUVlKS29aSWh2Y05BUUVCQlFBRGdnRVBBRENDQVFvQ2dnRUJBTzhMCnc4OUNQNTRSMlNZVmxVb0E2NWRCN0c2MUViTlM4YVI2dEVMSGhhTXU3UEhhelVZRHl5Q3N4c2hyNEl0ckpnb3oKRGtIZ0dpQnJhSDRJMlViNkthbURNYUNwQ3kvRzdrQ1ZoQ3JhekJibEduaUNUeEVqallZMUhTK1gwWnk1NVpBRgpaRWFmQjFmNjdpRWZ1MlhTTFducjNySGY3amVpVUpZaE11WlB3NkxWZnBBZzdqcWJXQks3MTRNdlkyN3M4MUxMCjJQcG5ZUDdCK0pIQ1V4OUFzcjFXNlExaWFHbi9nOE5Tc1J6NjcrdnJXaURGV044TGVGY1pNekxRK29ldC9YTFAKMjVVaThicnY5cFFLa1FEd1I3azNIelRsZ1hhdnNKVTZ3OWEvb3NOamNjUjJpak1hMUtZZHUzWlB1WGxmc3J4ZgoyQkVtVm9SUkdzMS9yS1ljUUowQ0F3RUFBYU1qTUNFd0RnWURWUjBQQVFIL0JBUURBZ0trTUE4R0ExVWRFd0VCCi93UUZNQU1CQWY4d0RRWUpLb1pJaHZjTkFRRUxCUUFEZ2dFQkFERjlpY1BtTnRTcTN6eUxSbGtKRVBOQnBsdmMKNWQ2bFdobFdSTWpvSWw3bi83emRRU1FudytiWTZKcldWNHpkVkNJWEdEdHkrOEIrSFZ4UmlsUDMzNkc4citUbwpCek12Tzh0ZWFpQXhkdWdCbjdGeW1zWGxteHNabTg0Wk9NY2xXN2lsWVEyUzJSRUtMOEIyMWRCMXFsRENOakFiClVaMVJKS1dROWtzQTBjM1QrRnRXanNLUmRGYm1SenMvRnlUcmpnVUVxM2FGRUtkMVRoYUNUVVltRFc3NTY0cTEKQVI5MXp6NUFRdVZVYTdCb0FWd3B6aVlvQzQyQWFpQi9oVW5rYXRpdlRmVWUxMm1POVQxWWFKN1J0ZHJKcmxQeApmWmxzbm50SjJGWGpXaGhxRjFwYzJweE9PSU5QZU5YZ1QwWjZSWDRvMGhSTk9CZ2REODJaend5Y0VRMD0KLS0tLS1FTkQgQ0VSVElGSUNBVEUtLS0tLQo=' --apiserver-endpoint 'https://CDF34ACD35FAAD442D31CDD8BB5D36C7.gr7.us-east-1.eks.amazonaws.com'  --kubelet-extra-args \"\" 'my-cluster'\n\n# Allow user supplied userdata code\n\n"]}},"root_module":{"resources":[{"address":"aws_security_group.unused","mode":"managed","type":"aws_security_group","name":"unused","provider_name":"registry.terraform.io/hashicorp/aws","schema_version":1,"values":{"arn":"arn:aws:ec2:us-east-1:115553109071:security-group/sg-0e954b85bdb88960e","description":"Managed by Terraform","egress":[],"id":"sg-0e954b85bdb88960e","ingress":[{"cidr_blocks":["0.0.0.0/0"],"description":null,"from_port":53,"ipv6_cidr_blocks":null,"prefix_list_ids":null,"protocol":"UDP","security_groups":null,"self":null,"to_port":53}],"name":"Unused security group","name_prefix":"","owner_id":"115553109071","revoke_rules_on_delete":false,"tags":null,"tags_all":{},"timeouts":null,"vpc_id":"vpc-02b7f3126a5108c32"}}],"child_modules":[{"resources":[{"address":"module.my-cluster.aws_autoscaling_group.workers[0]","mode":"managed","type":"aws_autoscaling_group","name":"workers","index":0,"provider_name":"registry.terraform.io/hashicorp/aws","schema_version":0,"values":{"arn":"arn:aws:autoscaling:us-east-1:115553109071:autoScalingGroup:ea5bd0af-d82b-4872-b555-567be9ca8a49:autoScalingGroupName/my-cluster-02021062114194886310000000f","availability_zones":["us-east-1a","us-east-1b"],"capacity_rebalance":false,"default_cooldown":300,"desired_capacity":1,"enabled_metrics":[],"force_delete":false,"force_delete_warm_pool":false,"health_check_grace_period":300,"health_check_type":"EC2","id":"my-cluster-02021062114194886310000000f","initial_lifecycle_hook":[],"instance_refresh":[],"launch_configuration":"my-cluster-02021062114194059320000000e","launch_template":[],"load_balancers":null,"max_instance_lifetime":0,"max_size":5,"metrics_granularity":"1Minute","min_elb_capacity":null,"min_size":1,"mixed_instances_policy":[],"name":"my-cluster-02021062114194886310000000f","name_prefix":"my-cluster-0","placement_group":"","protect_from_scale_in":false,"service_linked_role_arn":"","suspended_processes":["AZRebalance"],"tag":[{"key":"Name","propagate_at_launch":true,"value":"my-cluster-0-eks_asg"},{"key":"k8s.io/cluster/my-cluster","propagate_at_launch":true,"value":"owned"},{"key":"kubernetes.io/cluster/my-cluster","propagate_at_launch":true,"value":"owned"}],"tags":null,"target_group_arns":null,"termination_policies":[],"timeouts":null,"vpc_zone_identifier":["subnet-022685ee8d3663b5c","subnet-087af17d6e6623026"],"wait_for_capacity_timeout":"10m","wait_for_elb_capacity":null,"warm_pool":[]}},{"address":"module.my-cluster.aws_eks_cluster.this[0]","mode":"managed","type":"aws_eks_cluster","name":"this","index":0,"provider_name":"registry.terraform.io/hashicorp/aws","schema_version":0,"values":{"arn":"arn:aws:eks:us-east-1:115553109071:cluster/my-cluster","certificate_authority":[{"data":"LS0tLS1CRUdJTiBDRVJUSUZJQ0FURS0tLS0tCk1JSUN5RENDQWJDZ0F3SUJBZ0lCQURBTkJna3Foa2lHOXcwQkFRc0ZBREFWTVJNd0VRWURWUVFERXdwcmRXSmwKY201bGRHVnpNQjRYRFRJeE1EWXlNVEUwTVRRME9Gb1hEVE14TURZeE9URTBNVFEwT0Zvd0ZURVRNQkVHQTFVRQpBeE1LYTNWaVpYSnVaWFJsY3pDQ0FTSXdEUVlKS29aSWh2Y05BUUVCQlFBRGdnRVBBRENDQVFvQ2dnRUJBTzhMCnc4OUNQNTRSMlNZVmxVb0E2NWRCN0c2MUViTlM4YVI2dEVMSGhhTXU3UEhhelVZRHl5Q3N4c2hyNEl0ckpnb3oKRGtIZ0dpQnJhSDRJMlViNkthbURNYUNwQ3kvRzdrQ1ZoQ3JhekJibEduaUNUeEVqallZMUhTK1gwWnk1NVpBRgpaRWFmQjFmNjdpRWZ1MlhTTFducjNySGY3amVpVUpZaE11WlB3NkxWZnBBZzdqcWJXQks3MTRNdlkyN3M4MUxMCjJQcG5ZUDdCK0pIQ1V4OUFzcjFXNlExaWFHbi9nOE5Tc1J6NjcrdnJXaURGV044TGVGY1pNekxRK29ldC9YTFAKMjVVaThicnY5cFFLa1FEd1I3azNIelRsZ1hhdnNKVTZ3OWEvb3NOamNjUjJpak1hMUtZZHUzWlB1WGxmc3J4ZgoyQkVtVm9SUkdzMS9yS1ljUUowQ0F3RUFBYU1qTUNFd0RnWURWUjBQQVFIL0JBUURBZ0trTUE4R0ExVWRFd0VCCi93UUZNQU1CQWY4d0RRWUpLb1pJaHZjTkFRRUxCUUFEZ2dFQkFERjlpY1BtTnRTcTN6eUxSbGtKRVBOQnBsdmMKNWQ2bFdobFdSTWpvSWw3bi83emRRU1FudytiWTZKcldWNHpkVkNJWEdEdHkrOEIrSFZ4UmlsUDMzNkc4citUbwpCek12Tzh0ZWFpQXhkdWdCbjdGeW1zWGxteHNabTg0Wk9NY2xXN2lsWVEyUzJSRUtMOEIyMWRCMXFsRENOakFiClVaMVJKS1dROWtzQTBjM1QrRnRXanNLUmRGYm1SenMvRnlUcmpnVUVxM2FGRUtkMVRoYUNUVVltRFc3NTY0cTEKQVI5MXp6NUFRdVZVYTdCb0FWd3B6aVlvQzQyQWFpQi9oVW5rYXRpdlRmVWUxMm1POVQxWWFKN1J0ZHJKcmxQeApmWmxzbm50SjJGWGpXaGhxRjFwYzJweE9PSU5QZU5YZ1QwWjZSWDRvMGhSTk9CZ2REODJaend5Y0VRMD0KLS0tLS1FTkQgQ0VSVElGSUNBVEUtLS0tLQo="}],"created_at":"2021-06-21 14:07:43.752 +0000 UTC","enabled_cluster_log_types":[],"encryption_config":[],"endpoint":"https://CDF34ACD35FAAD442D31CDD8BB5D36C7.gr7.us-east-1.eks.amazonaws.com","id":"my-cluster","identity":[{"oidc":[{"issuer":"https://oidc.eks.us-east-1.amazonaws.com/id/CDF34ACD35FAAD442D31CDD8BB5D36C7"}]}],"kubernetes_network_config":[{"service_ipv4_cidr":"172.20.0.0/16"}],"name":"my-cluster","platform_version":"eks.8","role_arn":"arn:aws:iam::115553109071:role/my-cluster20210621140714296400000002","status":"ACTIVE","tags":{},"tags_all":{},"timeouts":{"create":"30m","delete":"15m","update":null},"version":"1.16","vpc_config":[{"cluster_security_group_id":"sg-04b73a551b1303653","endpoint_private_access":false,"endpoint_public_access":true,"public_access_cidrs":["0.0.0.0/0"],"security_group_ids":["sg-087cf3957f9627447"],"subnet_ids":["subnet-022685ee8d3663b5c","subnet-087af17d6e6623026"],"vpc_id":"vpc-02b7f3126a5108c32"}]}},{"address":"module.my-cluster.aws_iam_instance_profile.workers[0]","mode":"managed","type":"aws_iam_instance_profile","name":"workers","index":0,"provider_name":"registry.terraform.io/hashicorp/aws","schema_version":0,"values":{"arn":"arn:aws:iam::115553109071:instance-profile/my-cluster2021062114193820670000000a","create_date":"2021-06-21T14:19:39Z","id":"my-cluster2021062114193820670000000a","name":"my-cluster2021062114193820670000000a","name_prefix":"my-cluster","path":"/","role":"my-cluster20210621141930025400000009","tags":{},"tags_all":{},"unique_id":"AIPARVZ4AQRHYJEEQCNMT"}},{"address":"module.my-cluster.aws_iam_policy.cluster_elb_sl_role_creation[0]","mode":"managed","type":"aws_iam_policy","name":"cluster_elb_sl_role_creation","index":0,"provider_name":"registry.terraform.io/hashicorp/aws","schema_version":0,"values":{"arn":"arn:aws:iam::115553109071:policy/my-cluster-elb-sl-role-creation20210621140714294500000001","description":"Permissions for EKS to create AWSServiceRoleForElasticLoadBalancing service-linked role","id":"arn:aws:iam::115553109071:policy/my-cluster-elb-sl-role-creation20210621140714294500000001","name":"my-cluster-elb-sl-role-creation20210621140714294500000001","name_prefix":"my-cluster-elb-sl-role-creation","path":"/","policy":"{\n  \"Version\": \"2012-10-17\",\n  \"Statement\": [\n    {\n      \"Sid\": \"\",\n      \"Effect\": \"Allow\",\n      \"Action\": [\n        \"ec2:DescribeInternetGateways\",\n        \"ec2:DescribeAddresses\",\n        \"ec2:DescribeAccountAttributes\"\n      ],\n      \"Resource\": \"*\"\n    }\n  ]\n}","policy_id":"ANPARVZ4AQRHQF66YGKUB","tags":{},"tags_all":{}}},{"address":"module.my-cluster.aws_iam_role.cluster[0]","mode":"managed","type":"aws_iam_role","name":"cluster","index":0,"provider_name":"registry.terraform.io/hashicorp/aws","schema_version":0,"values":{"arn":"arn:aws:iam::115553109071:role/my-cluster20210621140714296400000002","assume_role_policy":"{\n  \"Version\": \"2012-10-17\",\n  \"Statement\": [\n    {\n      \"Sid\": \"EKSClusterAssumeRole\",\n      \"Effect\": \"Allow\",\n      \"Action\": \"sts:AssumeRole\",\n      \"Principal\": {\n        \"Service\": \"eks.amazonaws.com\"\n      }\n    }\n  ]\n}","create_date":"2021-06-21T14:07:15Z","description":"","force_detach_policies":true,"id":"my-cluster20210621140714296400000002","inline_policy":[],"managed_policy_arns":[],"max_session_duration":3600,"name":"my-cluster20210621140714296400000002","name_prefix":"my-cluster","path":"/","permissions_boundary":null,"tags":{},"tags_all":{},"unique_id":"AROARVZ4AQRH4SOUTCBXZ"}},{"address":"module.my-cluster.aws_iam_role.workers[0]","mode":"managed","type":"aws_iam_role","name":"workers","index":0,"provider_name":"registry.terraform.io/hashicorp/aws","schema_version":0,"values":{"arn":"arn:aws:iam::115553109071:role/my-cluster20210621141930025400000009","assume_role_policy":"{\n  \"Version\": \"2012-10-17\",\n  \"Statement\": [\n    {\n      \"Sid\": \"EKSWorkerAssumeRole\",\n      \"Effect\": \"Allow\",\n      \"Action\": \"sts:AssumeRole\",\n      \"Principal\": {\n        \"Service\": \"ec2.amazonaws.com\"\n      }\n    }\n  ]\n}","create_date":"2021-06-21T14:19:30Z","description":"","force_detach_policies":true,"id":"my-cluster20210621141930025400000009","inline_policy":[],"managed_policy_arns":[],"max_session_duration":3600,"name":"my-cluster20210621141930025400000009","name_prefix":"my-cluster","path":"/","permissions_boundary":null,"tags":{},"tags_all":{},"unique_id":"AROARVZ4AQRH55UY23S5N"}},{"address":"module.my-cluster.aws_iam_role_policy_attachment.cluster_AmazonEKSClusterPolicy[0]","mode":"managed","type":"aws_iam_role_policy_attachment","name":"cluster_AmazonEKSClusterPolicy","index":0,"provider_name":"registry.terraform.io/hashicorp/aws","schema_version":0,"values":{"id":"my-cluster20210621140714296400000002-20210621140723654900000006","policy_arn":"arn:aws:iam::aws:policy/AmazonEKSClusterPolicy","role":"my-cluster20210621140714296400000002"}},{"address":"module.my-cluster.aws_iam_role_policy_attachment.cluster_AmazonEKSServicePolicy[0]","mode":"managed","type":"aws_iam_role_policy_attachment","name":"cluster_AmazonEKSServicePolicy","index":0,"provider_name":"registry.terraform.io/hashicorp/aws","schema_version":0,"values":{"id":"my-cluster20210621140714296400000002-20210621140723253700000005","policy_arn":"arn:aws:iam::aws:policy/AmazonEKSServicePolicy","role":"my-cluster20210621140714296400000002"}},{"address":"module.my-cluster.aws_iam_role_policy_attachment.cluster_AmazonEKSVPCResourceControllerPolicy[0]","mode":"managed","type":"aws_iam_role_policy_attachment","name":"cluster_AmazonEKSVPCResourceControllerPolicy","index":0,"provider_name":"registry.terraform.io/hashicorp/aws","schema_version":0,"values":{"id":"my-cluster20210621140714296400000002-20210621140723247500000004","policy_arn":"arn:aws:iam::aws:policy/AmazonEKSVPCResourceController","role":"my-cluster20210621140714296400000002"}},{"address":"module.my-cluster.aws_iam_role_policy_attachment.cluster_elb_sl_role_creation[0]","mode":"managed","type":"aws_iam_role_policy_attachment","name":"cluster_elb_sl_role_creation","index":0,"provider_name":"registry.terraform.io/hashicorp/aws","schema_version":0,"values":{"id":"my-cluster20210621140714296400000002-20210621140723245600000003","policy_arn":"arn:aws:iam::115553109071:policy/my-cluster-elb-sl-role-creation20210621140714294500000001","role":"my-cluster20210621140714296400000002"}},{"address":"module.my-cluster.aws_iam_role_policy_attachment.workers_AmazonEC2ContainerRegistryReadOnly[0]","mode":"managed","type":"aws_iam_role_policy_attachment","name":"workers_AmazonEC2ContainerRegistryReadOnly","index":0,"provider_name":"registry.terraform.io/hashicorp/aws","schema_version":0,"values":{"id":"my-cluster20210621141930025400000009-2021062114193899080000000b","policy_arn":"arn:aws:iam::aws:policy/AmazonEC2ContainerRegistryReadOnly","role":"my-cluster20210621141930025400000009"}},{"address":"module.my-cluster.aws_iam_role_policy_attachment.workers_AmazonEKSWorkerNodePolicy[0]","mode":"managed","type":"aws_iam_role_policy_attachment","name":"workers_AmazonEKSWorkerNodePolicy","index":0,"provider_name":"registry.terraform.io/hashicorp/aws","schema_version":0,"values":{"id":"my-cluster20210621141930025400000009-2021062114193900550000000c","policy_arn":"arn:aws:iam::aws:policy/AmazonEKSWorkerNodePolicy","role":"my-cluster20210621141930025400000009"}},{"address":"module.my-cluster.aws_iam_role_policy_attachment.workers_AmazonEKS_CNI_Policy[0]","mode":"managed","type":"aws_iam_role_policy_attachment","name":"workers_AmazonEKS_CNI_Policy","index":0,"provider_name":"registry.terraform.io/hashicorp/aws","schema_version":0,"values":{"id":"my-cluster20210621141930025400000009-2021062114193901770000000d","policy_arn":"arn:aws:iam::aws:policy/AmazonEKS_CNI_Policy","role":"my-cluster20210621141930025400000009"}},{"address":"module.my-cluster.aws_launch_configuration.workers[0]","mode":"managed","type":"aws_launch_configuration","name":"workers","index":0,"provider_name":"registry.terraform.io/hashicorp/aws","schema_version":0,"values":{"arn":"arn:aws:autoscaling:us-east-1:115553109071:launchConfiguration:b6d7b219-2476-4fa6-9c46-b10c9174289c:launchConfigurationName/my-cluster-02021062114194059320000000e","associate_public_ip_address":false,"ebs_block_device":[],"ebs_optimized":true,"enable_monitoring":true,"ephemeral_block_device":[],"iam_instance_profile":"my-cluster2021062114193820670000000a","id":"my-cluster-02021062114194059320000000e","image_id":"ami-0cfde6d4e50a9037b","instance_type":"m4.large","key_name":"","metadata_options":[{"http_endpoint":"enabled","http_put_response_hop_limit":1,"http_tokens":"optional"}],"name":"my-cluster-02021062114194059320000000e","name_prefix":"my-cluster-0","placement_tenancy":"","root_block_device":[{"delete_on_termination":true,"encrypted":false,"iops":0,"throughput":0,"volume_size":100,"volume_type":"gp2"}],"security_groups":["sg-076113f4dbf56b7ed"],"spot_price":"","user_data":null,"user_data_base64":"IyEvYmluL2Jhc2ggLWUKCiMgQWxsb3cgdXNlciBzdXBwbGllZCBwcmUgdXNlcmRhdGEgY29kZQoKCiMgQm9vdHN0cmFwIGFuZCBqb2luIHRoZSBjbHVzdGVyCi9ldGMvZWtzL2Jvb3RzdHJhcC5zaCAtLWI2NC1jbHVzdGVyLWNhICdMUzB0TFMxQ1JVZEpUaUJEUlZKVVNVWkpRMEZVUlMwdExTMHRDazFKU1VONVJFTkRRV0pEWjBGM1NVSkJaMGxDUVVSQlRrSm5hM0ZvYTJsSE9YY3dRa0ZSYzBaQlJFRldUVkpOZDBWUldVUldVVkZFUlhkd2NtUlhTbXdLWTIwMWJHUkhWbnBOUWpSWVJGUkplRTFFV1hsTlZFVXdUVlJSTUU5R2IxaEVWRTE0VFVSWmVFOVVSVEJOVkZFd1QwWnZkMFpVUlZSTlFrVkhRVEZWUlFwQmVFMUxZVE5XYVZwWVNuVmFXRkpzWTNwRFEwRlRTWGRFVVZsS1MyOWFTV2gyWTA1QlVVVkNRbEZCUkdkblJWQkJSRU5EUVZGdlEyZG5SVUpCVHpoTUNuYzRPVU5RTlRSU01sTlpWbXhWYjBFMk5XUkNOMGMyTVVWaVRsTTRZVkkyZEVWTVNHaGhUWFUzVUVoaGVsVlpSSGw1UTNONGMyaHlORWwwY2twbmIzb0tSR3RJWjBkcFFuSmhTRFJKTWxWaU5rdGhiVVJOWVVOd1Eza3ZSemRyUTFab1EzSmhla0ppYkVkdWFVTlVlRVZxYWxsWk1VaFRLMWd3V25rMU5WcEJSZ3BhUldGbVFqRm1OamRwUldaMU1saFRURmR1Y2pOeVNHWTNhbVZwVlVwWmFFMTFXbEIzTmt4V1puQkJaemRxY1dKWFFrczNNVFJOZGxreU4zTTRNVXhNQ2pKUWNHNVpVRGRDSzBwSVExVjRPVUZ6Y2pGWE5sRXhhV0ZIYmk5bk9FNVRjMUo2TmpjcmRuSlhhVVJHVjA0NFRHVkdZMXBOZWt4UksyOWxkQzlZVEZBS01qVlZhVGhpY25ZNWNGRkxhMUZFZDFJM2F6TkllbFJzWjFoaGRuTktWVFozT1dFdmIzTk9hbU5qVWpKcGFrMWhNVXRaWkhVeldsQjFXR3htYzNKNFpnb3lRa1Z0Vm05U1VrZHpNUzl5UzFsalVVb3dRMEYzUlVGQllVMXFUVU5GZDBSbldVUldVakJRUVZGSUwwSkJVVVJCWjB0clRVRTRSMEV4VldSRmQwVkNDaTkzVVVaTlFVMUNRV1k0ZDBSUldVcExiMXBKYUhaalRrRlJSVXhDVVVGRVoyZEZRa0ZFUmpscFkxQnRUblJUY1RONmVVeFNiR3RLUlZCT1FuQnNkbU1LTldRMmJGZG9iRmRTVFdwdlNXdzNiaTgzZW1SUlUxRnVkeXRpV1RaS2NsZFdOSHBrVmtOSldFZEVkSGtyT0VJclNGWjRVbWxzVURNek5rYzRjaXRVYndwQ2VrMTJUemgwWldGcFFYaGtkV2RDYmpkR2VXMXpXR3h0ZUhOYWJUZzBXazlOWTJ4WE4ybHNXVkV5VXpKU1JVdE1PRUl5TVdSQ01YRnNSRU5PYWtGaUNsVmFNVkpLUzFkUk9XdHpRVEJqTTFRclJuUlhhbk5MVW1SR1ltMVNlbk12Um5sVWNtcG5WVVZ4TTJGR1JVdGtNVlJvWVVOVVZWbHRSRmMzTlRZMGNURUtRVkk1TVhwNk5VRlJkVlpWWVRkQ2IwRldkM0I2YVZsdlF6UXlRV0ZwUWk5b1ZXNXJZWFJwZGxSbVZXVXhNbTFQT1ZReFdXRktOMUowWkhKS2NteFFlQXBtV214emJtNTBTakpHV0dwWGFHaHhSakZ3WXpKd2VFOVBTVTVRWlU1WVoxUXdXalpTV0RSdk1HaFNUazlDWjJSRU9ESmFlbmQ1WTBWUk1EMEtMUzB0TFMxRlRrUWdRMFZTVkVsR1NVTkJWRVV0TFMwdExRbz0nIC0tYXBpc2VydmVyLWVuZHBvaW50ICdodHRwczovL0NERjM0QUNEMzVGQUFENDQyRDMxQ0REOEJCNUQzNkM3LmdyNy51cy1lYXN0LTEuZWtzLmFtYXpvbmF3cy5jb20nICAtLWt1YmVsZXQtZXh0cmEtYXJncyAiIiAnbXktY2x1c3RlcicKCiMgQWxsb3cgdXNlciBzdXBwbGllZCB1c2VyZGF0YSBjb2RlCgo=","vpc_classic_link_id":"","vpc_classic_link_security_groups":null}},{"address":"module.my-cluster.aws_security_group.cluster[0]","mode":"managed","type":"aws_security_group","name":"cluster","index":0,"provider_name":"registry.terraform.io/hashicorp/aws","schema_version":1,"values":{"arn":"arn:aws:ec2:us-east-1:115553109071:security-group/sg-087cf3957f9627447","description":"EKS cluster security group.","egress":[],"id":"sg-087cf3957f9627447","ingress":[],"name":"my-cluster20210621140726201300000007","name_prefix":"my-cluster","owner_id":"115553109071","revoke_rules_on_delete":false,"tags":{"Name":"my-cluster-eks_cluster_sg"},"tags_all":{"Name":"my-cluster-eks_cluster_sg"},"timeouts":null,"vpc_id":"vpc-02b7f3126a5108c32"}},{"address":"module.my-cluster.aws_security_group.workers[0]","mode":"managed","type":"aws_security_group","name":"workers","index":0,"provider_name":"registry.terraform.io/hashicorp/aws","schema_version":1,"values":{"arn":"arn:aws:ec2:us-east-1:115553109071:security-group/sg-076113f4dbf56b7ed","description":"Security group for all nodes in the cluster.","egress":[],"id":"sg-076113f4dbf56b7ed","ingress":[],"name":"my-cluster20210621140726201600000008","name_prefix":"my-cluster","owner_id":"115553109071","revoke_rules_on_delete":false,"tags":{"Name":"my-cluster-eks_worker_sg","kubernetes.io/cluster/my-cluster":"owned"},"tags_all":{"Name":"my-cluster-eks_worker_sg","kubernetes.io/cluster/my-cluster":"owned"},"timeouts":null,"vpc_id":"vpc-02b7f3126a5108c32"}},{"address":"module.my-cluster.aws_security_group_rule.cluster_egress_internet[0]","mode":"managed","type":"aws_security_group_rule","name":"cluster_egress_internet","index":0,"provider_name":"registry.terraform.io/hashicorp/aws","schema_version":2,"values":{"cidr_blocks":["0.0.0.0/0"],"description":"Allow cluster egress access to the Internet.","from_port":0,"id":"sgrule-1798443457","ipv6_cidr_blocks":null,"prefix_list_ids":null,"protocol":"-1","security_group_id":"sg-087cf3957f9627447","self":false,"source_security_group_id":null,"to_port":0,"type":"egress"}},{"address":"module.my-cluster.aws_security_group_rule.cluster_https_worker_ingress[0]","mode":"managed","type":"aws_security_group_rule","name":"cluster_https_worker_ingress","index":0,"provider_name":"registry.terraform.io/hashicorp/aws","schema_version":2,"values":{"cidr_blocks":null,"description":"Allow pods to communicate with the EKS cluster API.","from_port":443,"id":"sgrule-1835664954","ipv6_cidr_blocks":null,"prefix_list_ids":null,"protocol":"tcp","security_group_id":"sg-087cf3957f9627447","self":false,"source_security_group_id":"sg-076113f4dbf56b7ed","to_port":443,"type":"ingress"}},{"address":"module.my-cluster.aws_security_group_rule.workers_egress_internet[0]","mode":"managed","type":"aws_security_group_rule","name":"workers_egress_internet","index":0,"provider_name":"registry.terraform.io/hashicorp/aws","schema_version":2,"values":{"cidr_blocks":["0.0.0.0/0"],"description":"Allow nodes all egress to the Internet.","from_port":0,"id":"sgrule-893283682","ipv6_cidr_blocks":null,"prefix_list_ids":null,"protocol":"-1","security_group_id":"sg-076113f4dbf56b7ed","self":false,"source_security_group_id":null,"to_port":0,"type":"egress"}},{"address":"module.my-cluster.aws_security_group_rule.workers_ingress_cluster[0]","mode":"managed","type":"aws_security_group_rule","name":"workers_ingress_cluster","index":0,"provider_name":"registry.terraform.io/hashicorp/aws","schema_version":2,"values":{"cidr_blocks":null,"description":"Allow workers pods to receive communication from the cluster control plane.","from_port":1025,"id":"sgrule-3195936393","ipv6_cidr_blocks":null,"prefix_list_ids":null,"protocol":"tcp","security_group_id":"sg-076113f4dbf56b7ed","self":false,"source_security_group_id":"sg-087cf3957f9627447","to_port":65535,"type":"ingress"}},{"address":"module.my-cluster.aws_security_group_rule.workers_ingress_cluster_https[0]","mode":"managed","type":"aws_security_group_rule","name":"workers_ingress_cluster_https","index":0,"provider_name":"registry.terraform.io/hashicorp/aws","schema_version":2,"values":{"cidr_blocks":null,"description":"Allow pods running extension API servers on port 443 to receive communication from cluster control plane.","from_port":443,"id":"sgrule-846502332","ipv6_cidr_blocks":null,"prefix_list_ids":null,"protocol":"tcp","security_group_id":"sg-076113f4dbf56b7ed","self":false,"source_security_group_id":"sg-087cf3957f9627447","to_port":443,"type":"ingress"}},{"address":"module.my-cluster.aws_security_group_rule.workers_ingress_self[0]","mode":"managed","type":"aws_security_group_rule","name":"workers_ingress_self","index":0,"provider_name":"registry.terraform.io/hashicorp/aws","schema_version":2,"values":{"cidr_blocks":null,"description":"Allow node to communicate with each other.","from_port":0,"id":"sgrule-491336861","ipv6_cidr_blocks":null,"prefix_list_ids":null,"protocol":"-1","security_group_id":"sg-076113f4dbf56b7ed","self":false,"source_security_group_id":"sg-076113f4dbf56b7ed","to_port":65535,"type":"ingress"}},{"address":"module.my-cluster.data.http.wait_for_cluster[0]","mode":"data","type":"http","name":"wait_for_cluster","index":0,"provider_name":"registry.terraform.io/terraform-aws-modules/http","schema_version":0,"values":{"ca_certificate":"-----BEGIN CERTIFICATE-----\nMIICyDCCAbCgAwIBAgIBADANBgkqhkiG9w0BAQsFADAVMRMwEQYDVQQDEwprdWJl\ncm5ldGVzMB4XDTIxMDYyMTE0MTQ0OFoXDTMxMDYxOTE0MTQ0OFowFTETMBEGA1UE\nAxMKa3ViZXJuZXRlczCCASIwDQYJKoZIhvcNAQEBBQADggEPADCCAQoCggEBAO8L\nw89CP54R2SYVlUoA65dB7G61EbNS8aR6tELHhaMu7PHazUYDyyCsxshr4ItrJgoz\nDkHgGiBraH4I2Ub6KamDMaCpCy/G7kCVhCrazBblGniCTxEjjYY1HS+X0Zy55ZAF\nZEafB1f67iEfu2XSLWnr3rHf7jeiUJYhMuZPw6LVfpAg7jqbWBK714MvY27s81LL\n2PpnYP7B+JHCUx9Asr1W6Q1iaGn/g8NSsRz67+vrWiDFWN8LeFcZMzLQ+oet/XLP\n25Ui8brv9pQKkQDwR7k3HzTlgXavsJU6w9a/osNjccR2ijMa1KYdu3ZPuXlfsrxf\n2BEmVoRRGs1/rKYcQJ0CAwEAAaMjMCEwDgYDVR0PAQH/BAQDAgKkMA8GA1UdEwEB\n/wQFMAMBAf8wDQYJKoZIhvcNAQELBQADggEBADF9icPmNtSq3zyLRlkJEPNBplvc\n5d6lWhlWRMjoIl7n/7zdQSQnw+bY6JrWV4zdVCIXGDty+8B+HVxRilP336G8r+To\nBzMvO8teaiAxdugBn7FymsXlmxsZm84ZOMclW7ilYQ2S2REKL8B21dB1qlDCNjAb\nUZ1RJKWQ9ksA0c3T+FtWjsKRdFbmRzs/FyTrjgUEq3aFEKd1ThaCTUYmDW7564q1\nAR91zz5AQuVUa7BoAVwpziYoC42AaiB/hUnkativTfUe12mO9T1YaJ7RtdrJrlPx\nfZlsnntJ2FXjWhhqF1pc2pxOOINPeNXgT0Z6RX4o0hRNOBgdD82ZzwycEQ0=\n-----END CERTIFICATE-----\n","insecure":null,"request_headers":null,"timeout":300,"url":"https://CDF34ACD35FAAD442D31CDD8BB5D36C7.gr7.us-east-1.eks.amazonaws.com/healthz"}},{"address":"module.my-cluster.kubernetes_config_map.aws_auth[0]","mode":"managed","type":"kubernetes_config_map","name":"aws_auth","index":0,"provider_name":"registry.terraform.io/hashicorp/kubernetes","schema_version":0,"values":{"binary_data":null,"data":{"mapAccounts":"[]\n","mapRoles":"- \"groups\":\n  - \"system:bootstrappers\"\n  - \"system:nodes\"\n  \"rolearn\": \"arn:aws:iam::115553109071:role/my-cluster20210621141930025400000009\"\n  \"username\": \"system:node:{{EC2PrivateDNSName}}\"\n","mapUsers":"[]\n"},"id":"kube-system/aws-auth","metadata":[{"annotations":null,"generate_name":"","generation":0,"labels":{"app.kubernetes.io/managed-by":"Terraform","terraform.io/module":"terraform-aws-modules.eks.aws"},"name":"aws-auth","namespace":"kube-system","resource_version":"696","self_link":"/api/v1/namespaces/kube-system/configmaps/aws-auth","uid":"04193e5f-6d86-44d5-9544-4d8b8d02db1f"}]}},{"address":"module.my-cluster.local_file.kubeconfig[0]","mode":"managed","type":"local_file","name":"kubeconfig","index":0,"provider_name":"registry.terraform.io/hashicorp/local","schema_version":0,"values":{"content":"apiVersion: v1\npreferences: {}\nkind: Config\n\nclusters:\n- cluster:\n    server: https://CDF34ACD35FAAD442D31CDD8BB5D36C7.gr7.us-east-1.eks.amazonaws.com\n    certificate-authority-data: LS0tLS1CRUdJTiBDRVJUSUZJQ0FURS0tLS0tCk1JSUN5RENDQWJDZ0F3SUJBZ0lCQURBTkJna3Foa2lHOXcwQkFRc0ZBREFWTVJNd0VRWURWUVFERXdwcmRXSmwKY201bGRHVnpNQjRYRFRJeE1EWXlNVEUwTVRRME9Gb1hEVE14TURZeE9URTBNVFEwT0Zvd0ZURVRNQkVHQTFVRQpBeE1LYTNWaVpYSnVaWFJsY3pDQ0FTSXdEUVlKS29aSWh2Y05BUUVCQlFBRGdnRVBBRENDQVFvQ2dnRUJBTzhMCnc4OUNQNTRSMlNZVmxVb0E2NWRCN0c2MUViTlM4YVI2dEVMSGhhTXU3UEhhelVZRHl5Q3N4c2hyNEl0ckpnb3oKRGtIZ0dpQnJhSDRJMlViNkthbURNYUNwQ3kvRzdrQ1ZoQ3JhekJibEduaUNUeEVqallZMUhTK1gwWnk1NVpBRgpaRWFmQjFmNjdpRWZ1MlhTTFducjNySGY3amVpVUpZaE11WlB3NkxWZnBBZzdqcWJXQks3MTRNdlkyN3M4MUxMCjJQcG5ZUDdCK0pIQ1V4OUFzcjFXNlExaWFHbi9nOE5Tc1J6NjcrdnJXaURGV044TGVGY1pNekxRK29ldC9YTFAKMjVVaThicnY5cFFLa1FEd1I3azNIelRsZ1hhdnNKVTZ3OWEvb3NOamNjUjJpak1hMUtZZHUzWlB1WGxmc3J4ZgoyQkVtVm9SUkdzMS9yS1ljUUowQ0F3RUFBYU1qTUNFd0RnWURWUjBQQVFIL0JBUURBZ0trTUE4R0ExVWRFd0VCCi93UUZNQU1CQWY4d0RRWUpLb1pJaHZjTkFRRUxCUUFEZ2dFQkFERjlpY1BtTnRTcTN6eUxSbGtKRVBOQnBsdmMKNWQ2bFdobFdSTWpvSWw3bi83emRRU1FudytiWTZKcldWNHpkVkNJWEdEdHkrOEIrSFZ4UmlsUDMzNkc4citUbwpCek12Tzh0ZWFpQXhkdWdCbjdGeW1zWGxteHNabTg0Wk9NY2xXN2lsWVEyUzJSRUtMOEIyMWRCMXFsRENOakFiClVaMVJKS1dROWtzQTBjM1QrRnRXanNLUmRGYm1SenMvRnlUcmpnVUVxM2FGRUtkMVRoYUNUVVltRFc3NTY0cTEKQVI5MXp6NUFRdVZVYTdCb0FWd3B6aVlvQzQyQWFpQi9oVW5rYXRpdlRmVWUxMm1POVQxWWFKN1J0ZHJKcmxQeApmWmxzbm50SjJGWGpXaGhxRjFwYzJweE9PSU5QZU5YZ1QwWjZSWDRvMGhSTk9CZ2REODJaend5Y0VRMD0KLS0tLS1FTkQgQ0VSVElGSUNBVEUtLS0tLQo=\n  name: eks_my-cluster\n\ncontexts:\n- context:\n    cluster: eks_my-cluster\n    user: eks_my-cluster\n  name: eks_my-cluster\n\ncurrent-context: eks_my-cluster\n\nusers:\n- name: eks_my-cluster\n  user:\n    exec:\n      apiVersion: client.authentication.k8s.io/v1alpha1\n      command: aws-iam-authenticator\n      args:\n        - \"token\"\n        - \"-i\"\n        - \"my-cluster\"\n","content_base64":null,"directory_permission":"0755","file_permission":"0600","filename":"./kubeconfig_my-cluster","id":"d52d2d93edf83824305fc5157ba08ca1a43b575e","sensitive_content":null,"source":null}}],"address":"module.my-cluster"},{"resources":[{"address":"module.vpc.aws_eip.nat[0]","mode":"managed","type":"aws_eip","name":"nat","index":0,"provider_name":"registry.terraform.io/hashicorp/aws","schema_version":0,"values":{"address":null,"allocation_id":null,"associate_with_private_ip":null,"association_id":"","carrier_ip":"","customer_owned_ip":"","customer_owned_ipv4_pool":"","domain":"vpc","id":"eipalloc-070914c57f6f1e1b4","instance":"","network_border_group":"us-east-1","network_interface":"","private_dns":null,"private_ip":"","public_dns":"ec2-3-213-215-2.compute-1.amazonaws.com","public_ip":"3.213.215.2","public_ipv4_pool":"amazon","tags":{"Name":"test-us-east-1a"},"tags_all":{"Name":"test-us-east-1a"},"timeouts":null,"vpc":true}},{"address":"module.vpc.aws_eip.nat[1]","mode":"managed","type":"aws_eip","name":"nat","index":1,"provider_name":"registry.terraform.io/hashicorp/aws","schema_version":0,"values":{"address":null,"allocation_id":null,"associate_with_private_ip":null,"association_id":"","carrier_ip":"","customer_owned_ip":"","customer_owned_ipv4_pool":"","domain":"vpc","id":"eipalloc-006743aee166e0f70","instance":"","network_border_group":"us-east-1","network_interface":"","private_dns":null,"private_ip":"","public_dns":"ec2-3-209-212-11.compute-1.amazonaws.com","public_ip":"3.209.212.11","public_ipv4_pool":"amazon","tags":{"Name":"test-us-east-1b"},"tags_all":{"Name":"test-us-east-1b"},"timeouts":null,"vpc":true}},{"address":"module.vpc.aws_internet_gateway.this[0]","mode":"managed","type":"aws_internet_gateway","name":"this","index":0,"provider_name":"registry.terraform.io/hashicorp/aws","schema_version":0,"values":{"arn":"arn:aws:ec2:us-east-1:115553109071:internet-gateway/igw-0148c476914ff0b38","id":"igw-0148c476914ff0b38","owner_id":"115553109071","tags":{"Name":"test"},"tags_all":{"Name":"test"},"vpc_id":"vpc-02b7f3126a5108c32"}},{"address":"module.vpc.aws_nat_gateway.this[0]","mode":"managed","type":"aws_nat_gateway","name":"this","index":0,"provider_name":"registry.terraform.io/hashicorp/aws","schema_version":0,"values":{"allocation_id":"eipalloc-070914c57f6f1e1b4","connectivity_type":"public","id":"nat-02d56cb0a5526227b","network_interface_id":"eni-0def94a5ed3fb7cf3","private_ip":"10.0.101.224","public_ip":"3.213.215.2","subnet_id":"subnet-01646b282db0e6add","tags":{"Name":"test-us-east-1a"},"tags_all":{"Name":"test-us-east-1a"}}},{"address":"module.vpc.aws_nat_gateway.this[1]","mode":"managed","type":"aws_nat_gateway","name":"this","index":1,"provider_name":"registry.terraform.io/hashicorp/aws","schema_version":0,"values":{"allocation_id":"eipalloc-006743aee166e0f70","connectivity_type":"public","id":"nat-074e6f093539831d9","network_interface_id":"eni-0d71a2a6376e770ae","private_ip":"10.0.102.217","public_ip":"3.209.212.11","subnet_id":"subnet-0ba91749c22101798","tags":{"Name":"test-us-east-1b"},"tags_all":{"Name":"test-us-east-1b"}}},{"address":"module.vpc.aws_route.private_nat_gateway[0]","mode":"managed","type":"aws_route","name":"private_nat_gateway","index":0,"provider_name":"registry.terraform.io/hashicorp/aws","schema_version":0,"values":{"carrier_gateway_id":"","destination_cidr_block":"0.0.0.0/0","destination_ipv6_cidr_block":"","destination_prefix_list_id":"","egress_only_gateway_id":"","gateway_id":"","id":"r-rtb-08f6e18da0ff006261080289494","instance_id":"","instance_owner_id":"","local_gateway_id":"","nat_gateway_id":"nat-02d56cb0a5526227b","network_interface_id":"","origin":"CreateRoute","route_table_id":"rtb-08f6e18da0ff00626","state":"active","timeouts":{"create":"5m","delete":null},"transit_gateway_id":"","vpc_endpoint_id":"","vpc_peering_connection_id":""}},{"address":"module.vpc.aws_route.private_nat_gateway[1]","mode":"managed","type":"aws_route","name":"private_nat_gateway","index":1,"provider_name":"registry.terraform.io/hashicorp/aws","schema_version":0,"values":{"carrier_gateway_id":"","destination_cidr_block":"0.0.0.0/0","destination_ipv6_cidr_block":"","destination_prefix_list_id":"","egress_only_gateway_id":"","gateway_id":"","id":"r-rtb-06c665fa50bb4cb831080289494","instance_id":"","instance_owner_id":"","local_gateway_id":"","nat_gateway_id":"nat-074e6f093539831d9","network_interface_id":"","origin":"CreateRoute","route_table_id":"rtb-06c665fa50bb4cb83","state":"active","timeouts":{"create":"5m","delete":null},"transit_gateway_id":"","vpc_endpoint_id":"","vpc_peering_connection_id":""}},{"address":"module.vpc.aws_route.public_internet_gateway[0]","mode":"managed","type":"aws_route","name":"public_internet_gateway","index":0,"provider_name":"registry.terraform.io/hashicorp/aws","schema_version":0,"values":{"carrier_gateway_id":"","destination_cidr_block":"0.0.0.0/0","destination_ipv6_cidr_block":"","destination_prefix_list_id":"","egress_only_gateway_id":"","gateway_id":"igw-0148c476914ff0b38","id":"r-rtb-04133c8833b5a84891080289494","instance_id":"","instance_owner_id":"","local_gateway_id":"","nat_gateway_id":"","network_interface_id":"","origin":"CreateRoute","route_table_id":"rtb-04133c8833b5a8489","state":"active","timeouts":{"create":"5m","delete":null},"transit_gateway_id":"","vpc_endpoint_id":"","vpc_peering_connection_id":""}},{"address":"module.vpc.aws_route_table.private[0]","mode":"managed","type":"aws_route_table","name":"private","index":0,"provider_name":"registry.terraform.io/hashicorp/aws","schema_version":0,"values":{"arn":"arn:aws:ec2:us-east-1:115553109071:route-table/rtb-08f6e18da0ff00626","id":"rtb-08f6e18da0ff00626","owner_id":"115553109071","propagating_vgws":[],"route":[],"tags":{"Name":"test-private-us-east-1a"},"tags_all":{"Name":"test-private-us-east-1a"},"vpc_id":"vpc-02b7f3126a5108c32"}},{"address":"module.vpc.aws_route_table.private[1]","mode":"managed","type":"aws_route_table","name":"private","index":1,"provider_name":"registry.terraform.io/hashicorp/aws","schema_version":0,"values":{"arn":"arn:aws:ec2:us-east-1:115553109071:route-table/rtb-06c665fa50bb4cb83","id":"rtb-06c665fa50bb4cb83","owner_id":"115553109071","propagating_vgws":[],"route":[],"tags":{"Name":"test-private-us-east-1b"},"tags_all":{"Name":"test-private-us-east-1b"},"vpc_id":"vpc-02b7f3126a5108c32"}},{"address":"module.vpc.aws_route_table.public[0]","mode":"managed","type":"aws_route_table","name":"public","index":0,"provider_name":"registry.terraform.io/hashicorp/aws","schema_version":0,"values":{"arn":"arn:aws:ec2:us-east-1:115553109071:route-table/rtb-04133c8833b5a8489","id":"rtb-04133c8833b5a8489","owner_id":"115553109071","propagating_vgws":[],"route":[],"tags":{"Name":"test-public"},"tags_all":{"Name":"test-public"},"vpc_id":"vpc-02b7f3126a5108c32"}},{"address":"module.vpc.aws_route_table_association.private[0]","mode":"managed","type":"aws_route_table_association","name":"private","index":0,"provider_name":"registry.terraform.io/hashicorp/aws","schema_version":0,"values":{"gateway_id":null,"id":"rtbassoc-06bcffadfa5eb12fc","route_table_id":"rtb-08f6e18da0ff00626","subnet_id":"subnet-022685ee8d3663b5c"}},{"address":"module.vpc.aws_route_table_association.private[1]","mode":"managed","type":"aws_route_table_association","name":"private","index":1,"provider_name":"registry.terraform.io/hashicorp/aws","schema_version":0,"values":{"gateway_id":null,"id":"rtbassoc-0d783d9f6b22ff9a0","route_table_id":"rtb-06c665fa50bb4cb83","subnet_id":"subnet-087af17d6e6623026"}},{"address":"module.vpc.aws_route_table_association.public[0]","mode":"managed","type":"aws_route_table_association","name":"public","index":0,"provider_name":"registry.terraform.io/hashicorp/aws","schema_version":0,"values":{"gateway_id":null,"id":"rtbassoc-0d20a55cf71ae680a","route_table_id":"rtb-04133c8833b5a8489","subnet_id":"subnet-01646b282db0e6add"}},{"address":"module.vpc.aws_route_table_association.public[1]","mode":"managed","type":"aws_route_table_association","name":"public","index":1,"provider_name":"registry.terraform.io/hashicorp/aws","schema_version":0,"values":{"gateway_id":null,"id":"rtbassoc-006e4af23dd7c863a","route_table_id":"rtb-04133c8833b5a8489","subnet_id":"subnet-0ba91749c22101798"}},{"address":"module.vpc.aws_subnet.private[0]","mode":"managed","type":"aws_subnet","name":"private","index":0,"provider_name":"registry.terraform.io/hashicorp/aws","schema_version":1,"values":{"arn":"arn:aws:ec2:us-east-1:115553109071:subnet/subnet-022685ee8d3663b5c","assign_ipv6_address_on_creation":false,"availability_zone":"us-east-1a","availability_zone_id":"use1-az1","cidr_block":"10.0.1.0/24","customer_owned_ipv4_pool":"","id":"subnet-022685ee8d3663b5c","ipv6_cidr_block":"","ipv6_cidr_block_association_id":"","map_customer_owned_ip_on_launch":false,"map_public_ip_on_launch":false,"outpost_arn":"","owner_id":"115553109071","tags":{"Name":"test-private-us-east-1a"},"tags_all":{"Name":"test-private-us-east-1a"},"timeouts":null,"vpc_id":"vpc-02b7f3126a5108c32"}},{"address":"module.vpc.aws_subnet.private[1]","mode":"managed","type":"aws_subnet","name":"private","index":1,"provider_name":"registry.terraform.io/hashicorp/aws","schema_version":1,"values":{"arn":"arn:aws:ec2:us-east-1:115553109071:subnet/subnet-087af17d6e6623026","assign_ipv6_address_on_creation":false,"availability_zone":"us-east-1b","availability_zone_id":"use1-az2","cidr_block":"10.0.2.0/24","customer_owned_ipv4_pool":"","id":"subnet-087af17d6e6623026","ipv6_cidr_block":"","ipv6_cidr_block_association_id":"","map_customer_owned_ip_on_launch":false,"map_public_ip_on_launch":false,"outpost_arn":"","owner_id":"115553109071","tags":{"Name":"test-private-us-east-1b"},"tags_all":{"Name":"test-private-us-east-1b"},"timeouts":null,"vpc_id":"vpc-02b7f3126a5108c32"}},{"address":"module.vpc.aws_subnet.public[0]","mode":"managed","type":"aws_subnet","name":"public","index":0,"provider_name":"registry.terraform.io/hashicorp/aws","schema_version":1,"values":{"arn":"arn:aws:ec2:us-east-1:115553109071:subnet/subnet-01646b282db0e6add","assign_ipv6_address_on_creation":false,"availability_zone":"us-east-1a","availability_zone_id":"use1-az1","cidr_block":"10.0.101.0/24","customer_owned_ipv4_pool":"","id":"subnet-01646b282db0e6add","ipv6_cidr_block":"","ipv6_cidr_block_association_id":"","map_customer_owned_ip_on_launch":false,"map_public_ip_on_launch":true,"outpost_arn":"","owner_id":"115553109071","tags":{"Name":"test-public-us-east-1a"},"tags_all":{"Name":"test-public-us-east-1a"},"timeouts":null,"vpc_id":"vpc-02b7f3126a5108c32"}},{"address":"module.vpc.aws_subnet.public[1]","mode":"managed","type":"aws_subnet","name":"public","index":1,"provider_name":"registry.terraform.io/hashicorp/aws","schema_version":1,"values":{"arn":"arn:aws:ec2:us-east-1:115553109071:subnet/subnet-0ba91749c22101798","assign_ipv6_address_on_creation":false,"availability_zone":"us-east-1b","availability_zone_id":"use1-az2","cidr_block":"10.0.102.0/24","customer_owned_ipv4_pool":"","id":"subnet-0ba91749c22101798","ipv6_cidr_block":"","ipv6_cidr_block_association_id":"","map_customer_owned_ip_on_launch":false,"map_public_ip_on_launch":true,"outpost_arn":"","owner_id":"115553109071","tags":{"Name":"test-public-us-east-1b"},"tags_all":{"Name":"test-public-us-east-1b"},"timeouts":null,"vpc_id":"vpc-02b7f3126a5108c32"}},{"address":"module.vpc.aws_vpc.this[0]","mode":"managed","type":"aws_vpc","name":"this","index":0,"provider_name":"registry.terraform.io/hashicorp/aws","schema_version":1,"values":{"arn":"arn:aws:ec2:us-east-1:115553109071:vpc/vpc-02b7f3126a5108c32","assign_generated_ipv6_cidr_block":false,"cidr_block":"10.0.0.0/16","default_network_acl_id":"acl-09969e21f2a7b4388","default_route_table_id":"rtb-06c1e58e20ad63f2d","default_security_group_id":"sg-001b74d8c65cd6150","dhcp_options_id":"dopt-3045214a","enable_classiclink":false,"enable_classiclink_dns_support":false,"enable_dns_hostnames":false,"enable_dns_support":true,"id":"vpc-02b7f3126a5108c32","instance_tenancy":"default","ipv6_association_id":"","ipv6_cidr_block":"","main_route_table_id":"rtb-06c1e58e20ad63f2d","owner_id":"115553109071","tags":{"Name":"test"},"tags_all":{"Name":"test"}}},{"address":"module.vpc.aws_vpn_gateway.this[0]","mode":"managed","type":"aws_vpn_gateway","name":"this","index":0,"provider_name":"registry.terraform.io/hashicorp/aws","schema_version":0,"values":{"amazon_side_asn":"64512","arn":"arn:aws:ec2:us-east-1:115553109071:vpn-gateway/vgw-0c2346057504ff0fd","availability_zone":null,"id":"vgw-0c2346057504ff0fd","tags":{"Name":"test"},"tags_all":{"Name":"test"},"vpc_id":"vpc-02b7f3126a5108c32"}}],"address":"module.vpc"}]}},"resource_changes":[{"address":"aws_security_group.unused","mode":"managed","type":"aws_security_group","name":"unused","provider_name":"registry.terraform.io/hashicorp/aws","change":{"actions":["update"],"before":{"arn":"arn:aws:ec2:us-east-1:115553109071:security-group/sg-0e954b85bdb88960e","description":"Managed by Terraform","egress":[],"id":"sg-0e954b85bdb88960e","ingress":[{"cidr_blocks":["0.0.0.0/0"],"description":"","from_port":53,"ipv6_cidr_blocks":[],"prefix_list_ids":[],"protocol":"udp","security_groups":[],"self":false,"to_port":53}],"name":"Unused security group","name_prefix":"","owner_id":"115553109071","revoke_rules_on_delete":false,"tags":null,"tags_all":{},"timeouts":null,"vpc_id":"vpc-02b7f3126a5108c32"},"after":{"arn":"arn:aws:ec2:us-east-1:115553109071:security-group/sg-0e954b85bdb88960e","description":"Managed by Terraform","egress":[],"id":"sg-0e954b85bdb88960e","ingress":[{"cidr_blocks":["0.0.0.0/0"],"description":null,"from_port":53,"ipv6_cidr_blocks":null,"prefix_list_ids":null,"protocol":"UDP","security_groups":null,"self":null,"to_port":53}],"name":"Unused security group","name_prefix":"","owner_id":"115553109071","revoke_rules_on_delete":false,"tags":null,"tags_all":{},"timeouts":null,"vpc_id":"vpc-02b7f3126a5108c32"},"after_unknown":{}}},{"address":"module.my-cluster.aws_autoscaling_group.workers[0]","module_address":"module.my-cluster","mode":"managed","type":"aws_autoscaling_group","name":"workers","index":0,"provider_name":"registry.terraform.io/hashicorp/aws","change":{"actions":["update"],"before":{"arn":"arn:aws:autoscaling:us-east-1:115553109071:autoScalingGroup:ea5bd0af-d82b-4872-b555-567be9ca8a49:autoScalingGroupName/my-cluster-02021062114194886310000000f","availability_zones":["us-east-1a","us-east-1b"],"capacity_rebalance":false,"default_cooldown":300,"desired_capacity":1,"enabled_metrics":null,"force_delete":false,"force_delete_warm_pool":false,"health_check_grace_period":300,"health_check_type":"EC2","id":"my-cluster-02021062114194886310000000f","initial_lifecycle_hook":[],"instance_refresh":[],"launch_configuration":"my-cluster-02021062114194059320000000e","launch_template":[],"load_balancers":null,"max_instance_lifetime":0,"max_size":5,"metrics_granularity":"1Minute","min_elb_capacity":null,"min_size":1,"mixed_instances_policy":[],"name":"my-cluster-02021062114194886310000000f","name_prefix":"my-cluster-0","placement_group":"","protect_from_scale_in":false,"service_linked_role_arn":"arn:aws:iam::115553109071:role/aws-service-role/autoscaling.amazonaws.com/AWSServiceRoleForAutoScaling","suspended_processes":["AZRebalance"],"tag":[{"key":"Name","propagate_at_launch":true,"value":"my-cluster-0-eks_asg"},{"key":"k8s.io/cluster/my-cluster","propagate_at_launch":true,"value":"owned"},{"key":"kubernetes.io/cluster/my-cluster","propagate_at_launch":true,"value":"owned"}],"tags":null,"target_group_arns":null,"termination_policies":[],"timeouts":null,"vpc_zone_identifier":["subnet-022685ee8d3663b5c","subnet-087af17d6e6623026"],"wait_for_capacity_timeout":"10m","wait_for_elb_capacity":null,"warm_pool":[]},"after":{"arn":"arn:aws:autoscaling:us-east-1:115553109071:autoScalingGroup:ea5bd0af-d82b-4872-b555-567be9ca8a49:autoScalingGroupName/my-cluster-02021062114194886310000000f","availability_zones":["us-east-1a","us-east-1b"],"capacity_rebalance":false,"default_cooldown":300,"desired_capacity":1,"enabled_metrics":[],"force_delete":false,"force_delete_warm_pool":false,"health_check_grace_period":300,"health_check_type":"EC2","id":"my-cluster-02021062114194886310000000f","initial_lifecycle_hook":[],"instance_refresh":[],"launch_configuration":"my-cluster-02021062114194059320000000e","launch_template":[],"load_balancers":null,"max_instance_lifetime":0,"max_size":5,"metrics_granularity":"1Minute","min_elb_capacity":null,"min_size":1,"mixed_instances_policy":[],"name":"my-cluster-02021062114194886310000000f","name_prefix":"my-cluster-0","placement_group":"","protect_from_scale_in":false,"service_linked_role_arn":"","suspended_processes":["AZRebalance"],"tag":[{"key":"Name","propagate_at_launch":true,"value":"my-cluster-0-eks_asg"},{"key":"k8s.io/cluster/my-cluster","propagate_at_launch":true,"value":"owned"},{"key":"kubernetes.io/cluster/my-cluster","propagate_at_launch":true,"value":"owned"}],"tags":null,"target_group_arns":null,"termination_policies":[],"timeouts":null,"vpc_zone_identifier":["subnet-022685ee8d3663b5c","subnet-087af17d6e6623026"],"wait_for_capacity_timeout":"10m","wait_for_elb_capacity":null,"warm_pool":[]},"after_unknown":{}}},{"address":"module.my-cluster.aws_eks_cluster.this[0]","module_address":"module.my-cluster","mode":"managed","type":"aws_eks_cluster","name":"this","index":0,"provider_name":"registry.terraform.io/hashicorp/aws","change":{"actions":["update"],"before":{"arn":"arn:aws:eks:us-east-1:115553109071:cluster/my-cluster","certificate_authority":[{"data":"LS0tLS1CRUdJTiBDRVJUSUZJQ0FURS0tLS0tCk1JSUN5RENDQWJDZ0F3SUJBZ0lCQURBTkJna3Foa2lHOXcwQkFRc0ZBREFWTVJNd0VRWURWUVFERXdwcmRXSmwKY201bGRHVnpNQjRYRFRJeE1EWXlNVEUwTVRRME9Gb1hEVE14TURZeE9URTBNVFEwT0Zvd0ZURVRNQkVHQTFVRQpBeE1LYTNWaVpYSnVaWFJsY3pDQ0FTSXdEUVlKS29aSWh2Y05BUUVCQlFBRGdnRVBBRENDQVFvQ2dnRUJBTzhMCnc4OUNQNTRSMlNZVmxVb0E2NWRCN0c2MUViTlM4YVI2dEVMSGhhTXU3UEhhelVZRHl5Q3N4c2hyNEl0ckpnb3oKRGtIZ0dpQnJhSDRJMlViNkthbURNYUNwQ3kvRzdrQ1ZoQ3JhekJibEduaUNUeEVqallZMUhTK1gwWnk1NVpBRgpaRWFmQjFmNjdpRWZ1MlhTTFducjNySGY3amVpVUpZaE11WlB3NkxWZnBBZzdqcWJXQks3MTRNdlkyN3M4MUxMCjJQcG5ZUDdCK0pIQ1V4OUFzcjFXNlExaWFHbi9nOE5Tc1J6NjcrdnJXaURGV044TGVGY1pNekxRK29ldC9YTFAKMjVVaThicnY5cFFLa1FEd1I3azNIelRsZ1hhdnNKVTZ3OWEvb3NOamNjUjJpak1hMUtZZHUzWlB1WGxmc3J4ZgoyQkVtVm9SUkdzMS9yS1ljUUowQ0F3RUFBYU1qTUNFd0RnWURWUjBQQVFIL0JBUURBZ0trTUE4R0ExVWRFd0VCCi93UUZNQU1CQWY4d0RRWUpLb1pJaHZjTkFRRUxCUUFEZ2dFQkFERjlpY1BtTnRTcTN6eUxSbGtKRVBOQnBsdmMKNWQ2bFdobFdSTWpvSWw3bi83emRRU1FudytiWTZKcldWNHpkVkNJWEdEdHkrOEIrSFZ4UmlsUDMzNkc4citUbwpCek12Tzh0ZWFpQXhkdWdCbjdGeW1zWGxteHNabTg0Wk9NY2xXN2lsWVEyUzJSRUtMOEIyMWRCMXFsRENOakFiClVaMVJKS1dROWtzQTBjM1QrRnRXanNLUmRGYm1SenMvRnlUcmpnVUVxM2FGRUtkMVRoYUNUVVltRFc3NTY0cTEKQVI5MXp6NUFRdVZVYTdCb0FWd3B6aVlvQzQyQWFpQi9oVW5rYXRpdlRmVWUxMm1POVQxWWFKN1J0ZHJKcmxQeApmWmxzbm50SjJGWGpXaGhxRjFwYzJweE9PSU5QZU5YZ1QwWjZSWDRvMGhSTk9CZ2REODJaend5Y0VRMD0KLS0tLS1FTkQgQ0VSVElGSUNBVEUtLS0tLQo="}],"created_at":"2021-06-21 14:07:43.752 +0000 UTC","enabled_cluster_log_types":null,"encryption_config":[],"endpoint":"https://CDF34ACD35FAAD442D31CDD8BB5D36C7.gr7.us-east-1.eks.amazonaws.com","id":"my-cluster","identity":[{"oidc":[{"issuer":"https://oidc.eks.us-east-1.amazonaws.com/id/CDF34ACD35FAAD442D31CDD8BB5D36C7"}]}],"kubernetes_network_config":[{"service_ipv4_cidr":"172.20.0.0/16"}],"name":"my-cluster","platform_version":"eks.8","role_arn":"arn:aws:iam::115553109071:role/my-cluster20210621140714296400000002","status":"ACTIVE","tags":null,"tags_all":{},"timeouts":{"create":"30m","delete":"15m","update":null},"version":"1.16","vpc_config":[{"cluster_security_group_id":"sg-04b73a551b1303653","endpoint_private_access":false,"endpoint_public_access":true,"public_access_cidrs":["0.0.0.0/0"],"security_group_ids":["sg-087cf3957f9627447"],"subnet_ids":["subnet-022685ee8d3663b5c","subnet-087af17d6e6623026"],"vpc_id":"vpc-02b7f3126a5108c32"}]},"after":{"arn":"arn:aws:eks:us-east-1:115553109071:cluster/my-cluster","certificate_authority":[{"data":"LS0tLS1CRUdJTiBDRVJUSUZJQ0FURS0tLS0tCk1JSUN5RENDQWJDZ0F3SUJBZ0lCQURBTkJna3Foa2lHOXcwQkFRc0ZBREFWTVJNd0VRWURWUVFERXdwcmRXSmwKY201bGRHVnpNQjRYRFRJeE1EWXlNVEUwTVRRME9Gb1hEVE14TURZeE9URTBNVFEwT0Zvd0ZURVRNQkVHQTFVRQpBeE1LYTNWaVpYSnVaWFJsY3pDQ0FTSXdEUVlKS29aSWh2Y05BUUVCQlFBRGdnRVBBRENDQVFvQ2dnRUJBTzhMCnc4OUNQNTRSMlNZVmxVb0E2NWRCN0c2MUViTlM4YVI2dEVMSGhhTXU3UEhhelVZRHl5Q3N4c2hyNEl0ckpnb3oKRGtIZ0dpQnJhSDRJMlViNkthbURNYUNwQ3kvRzdrQ1ZoQ3JhekJibEduaUNUeEVqallZMUhTK1gwWnk1NVpBRgpaRWFmQjFmNjdpRWZ1MlhTTFducjNySGY3amVpVUpZaE11WlB3NkxWZnBBZzdqcWJXQks3MTRNdlkyN3M4MUxMCjJQcG5ZUDdCK0pIQ1V4OUFzcjFXNlExaWFHbi9nOE5Tc1J6NjcrdnJXaURGV044TGVGY1pNekxRK29ldC9YTFAKMjVVaThicnY5cFFLa1FEd1I3azNIelRsZ1hhdnNKVTZ3OWEvb3NOamNjUjJpak1hMUtZZHUzWlB1WGxmc3J4ZgoyQkVtVm9SUkdzMS9yS1ljUUowQ0F3RUFBYU1qTUNFd0RnWURWUjBQQVFIL0JBUURBZ0trTUE4R0ExVWRFd0VCCi93UUZNQU1CQWY4d0RRWUpLb1pJaHZjTkFRRUxCUUFEZ2dFQkFERjlpY1BtTnRTcTN6eUxSbGtKRVBOQnBsdmMKNWQ2bFdobFdSTWpvSWw3bi83emRRU1FudytiWTZKcldWNHpkVkNJWEdEdHkrOEIrSFZ4UmlsUDMzNkc4citUbwpCek12Tzh0ZWFpQXhkdWdCbjdGeW1zWGxteHNabTg0Wk9NY2xXN2lsWVEyUzJSRUtMOEIyMWRCMXFsRENOakFiClVaMVJKS1dROWtzQTBjM1QrRnRXanNLUmRGYm1SenMvRnlUcmpnVUVxM2FGRUtkMVRoYUNUVVltRFc3NTY0cTEKQVI5MXp6NUFRdVZVYTdCb0FWd3B6aVlvQzQyQWFpQi9oVW5rYXRpdlRmVWUxMm1POVQxWWFKN1J0ZHJKcmxQeApmWmxzbm50SjJGWGpXaGhxRjFwYzJweE9PSU5QZU5YZ1QwWjZSWDRvMGhSTk9CZ2REODJaend5Y0VRMD0KLS0tLS1FTkQgQ0VSVElGSUNBVEUtLS0tLQo="}],"created_at":"2021-06-21 14:07:43.752 +0000 UTC","enabled_cluster_log_types":[],"encryption_config":[],"endpoint":"https://CDF34ACD35FAAD442D31CDD8BB5D36C7.gr7.us-east-1.eks.amazonaws.com","id":"my-cluster","identity":[{"oidc":[{"issuer":"https://oidc.eks.us-east-1.amazonaws.com/id/CDF34ACD35FAAD442D31CDD8BB5D36C7"}]}],"kubernetes_network_config":[{"service_ipv4_cidr":"172.20.0.0/16"}],"name":"my-cluster","platform_version":"eks.8","role_arn":"arn:aws:iam::115553109071:role/my-cluster20210621140714296400000002","status":"ACTIVE","tags":{},"tags_all":{},"timeouts":{"create":"30m","delete":"15m","update":null},"version":"1.16","vpc_config":[{"cluster_security_group_id":"sg-04b73a551b1303653","endpoint_private_access":false,"endpoint_public_access":true,"public_access_cidrs":["0.0.0.0/0"],"security_group_ids":["sg-087cf3957f9627447"],"subnet_ids":["subnet-022685ee8d3663b5c","subnet-087af17d6e6623026"],"vpc_id":"vpc-02b7f3126a5108c32"}]},"after_unknown":{}}},{"address":"module.my-cluster.aws_iam_instance_profile.workers[0]","module_address":"module.my-cluster","mode":"managed","type":"aws_iam_instance_profile","name":"workers","index":0,"provider_name":"registry.terraform.io/hashicorp/aws","change":{"actions":["update"],"before":{"arn":"arn:aws:iam::115553109071:instance-profile/my-cluster2021062114193820670000000a","create_date":"2021-06-21T14:19:39Z","id":"my-cluster2021062114193820670000000a","name":"my-cluster2021062114193820670000000a","name_prefix":"my-cluster","path":"/","role":"my-cluster20210621141930025400000009","tags":null,"tags_all":{},"unique_id":"AIPARVZ4AQRHYJEEQCNMT"},"after":{"arn":"arn:aws:iam::115553109071:instance-profile/my-cluster2021062114193820670000000a","create_date":"2021-06-21T14:19:39Z","id":"my-cluster2021062114193820670000000a","name":"my-cluster2021062114193820670000000a","name_prefix":"my-cluster","path":"/","role":"my-cluster20210621141930025400000009","tags":{},"tags_all":{},"unique_id":"AIPARVZ4AQRHYJEEQCNMT"},"after_unknown":{}}},{"address":"module.my-cluster.aws_iam_policy.cluster_elb_sl_role_creation[0]","module_address":"module.my-cluster","mode":"managed","type":"aws_iam_policy","name":"cluster_elb_sl_role_creation","index":0,"provider_name":"registry.terraform.io/hashicorp/aws","change":{"actions":["update"],"before":{"arn":"arn:aws:iam::115553109071:policy/my-cluster-elb-sl-role-creation20210621140714294500000001","description":"Permissions for EKS to create AWSServiceRoleForElasticLoadBalancing service-linked role","id":"arn:aws:iam::115553109071:policy/my-cluster-elb-sl-role-creation20210621140714294500000001","name":"my-cluster-elb-sl-role-creation20210621140714294500000001","name_prefix":"my-cluster-elb-sl-role-creation","path":"/","policy":"{\n  \"Version\": \"2012-10-17\",\n  \"Statement\": [\n    {\n      \"Sid\": \"\",\n      \"Effect\": \"Allow\",\n      \"Action\": [\n        \"ec2:DescribeInternetGateways\",\n        \"ec2:DescribeAddresses\",\n        \"ec2:DescribeAccountAttributes\"\n      ],\n      \"Resource\": \"*\"\n    }\n  ]\n}","policy_id":"ANPARVZ4AQRHQF66YGKUB","tags":null,"tags_all":{}},"after":{"arn":"arn:aws:iam::115553109071:policy/my-cluster-elb-sl-role-creation20210621140714294500000001","description":"Permissions for EKS to create AWSServiceRoleForElasticLoadBalancing service-linked role","id":"arn:aws:iam::115553109071:policy/my-cluster-elb-sl-role-creation20210621140714294500000001","name":"my-cluster-elb-sl-role-creation20210621140714294500000001","name_prefix":"my-cluster-elb-sl-role-creation","path":"/","policy":"{\n  \"Version\": \"2012-10-17\",\n  \"Statement\": [\n    {\n      \"Sid\": \"\",\n      \"Effect\": \"Allow\",\n      \"Action\": [\n        \"ec2:DescribeInternetGateways\",\n        \"ec2:DescribeAddresses\",\n        \"ec2:DescribeAccountAttributes\"\n      ],\n      \"Resource\": \"*\"\n    }\n  ]\n}","policy_id":"ANPARVZ4AQRHQF66YGKUB","tags":{},"tags_all":{}},"after_unknown":{}}},{"address":"module.my-cluster.aws_iam_role.cluster[0]","module_address":"module.my-cluster","mode":"managed","type":"aws_iam_role","name":"cluster","index":0,"provider_name":"registry.terraform.io/hashicorp/aws","change":{"actions":["update"],"before":{"arn":"arn:aws:iam::115553109071:role/my-cluster20210621140714296400000002","assume_role_policy":"{\"Version\":\"2012-10-17\",\"Statement\":[{\"Sid\":\"EKSClusterAssumeRole\",\"Effect\":\"Allow\",\"Principal\":{\"Service\":\"eks.amazonaws.com\"},\"Action\":\"sts:AssumeRole\"}]}","create_date":"2021-06-21T14:07:15Z","description":"","force_detach_policies":true,"id":"my-cluster20210621140714296400000002","inline_policy":[{"name":"","policy":""}],"managed_policy_arns":[],"max_session_duration":3600,"name":"my-cluster20210621140714296400000002","name_prefix":"my-cluster","path":"/","permissions_boundary":null,"tags":null,"tags_all":{},"unique_id":"AROARVZ4AQRH4SOUTCBXZ"},"after":{"arn":"arn:aws:iam::115553109071:role/my-cluster20210621140714296400000002","assume_role_policy":"{\n  \"Version\": \"2012-10-17\",\n  \"Statement\": [\n    {\n      \"Sid\": \"EKSClusterAssumeRole\",\n      \"Effect\": \"Allow\",\n      \"Action\": \"sts:AssumeRole\",\n      \"Principal\": {\n        \"Service\": \"eks.amazonaws.com\"\n      }\n    }\n  ]\n}","create_date":"2021-06-21T14:07:15Z","description":"","force_detach_policies":true,"id":"my-cluster20210621140714296400000002","inline_policy":[],"managed_policy_arns":[],"max_session_duration":3600,"name":"my-cluster20210621140714296400000002","name_prefix":"my-cluster","path":"/","permissions_boundary":null,"tags":{},"tags_all":{},"unique_id":"AROARVZ4AQRH4SOUTCBXZ"},"after_unknown":{}}},{"address":"module.my-cluster.aws_iam_role.workers[0]","module_address":"module.my-cluster","mode":"managed","type":"aws_iam_role","name":"workers","index":0,"provider_name":"registry.terraform.io/hashicorp/aws","change":{"actions":["update"],"before":{"arn":"arn:aws:iam::115553109071:role/my-cluster20210621141930025400000009","assume_role_policy":"{\"Version\":\"2012-10-17\",\"Statement\":[{\"Sid\":\"EKSWorkerAssumeRole\",\"Effect\":\"Allow\",\"Principal\":{\"Service\":\"ec2.amazonaws.com\"},\"Action\":\"sts:AssumeRole\"}]}","create_date":"2021-06-21T14:19:30Z","description":"","force_detach_policies":true,"id":"my-cluster20210621141930025400000009","inline_policy":[{"name":"","policy":""}],"managed_policy_arns":[],"max_session_duration":3600,"name":"my-cluster20210621141930025400000009","name_prefix":"my-cluster","path":"/","permissions_boundary":null,"tags":null,"tags_all":{},"unique_id":"AROARVZ4AQRH55UY23S5N"},"after":{"arn":"arn:aws:iam::115553109071:role/my-cluster20210621141930025400000009","assume_role_policy":"{\n  \"Version\": \"2012-10-17\",\n  \"Statement\": [\n    {\n      \"Sid\": \"EKSWorkerAssumeRole\",\n      \"Effect\": \"Allow\",\n      \"Action\": \"sts:AssumeRole\",\n      \"Principal\": {\n        \"Service\": \"ec2.amazonaws.com\"\n      }\n    }\n  ]\n}","create_date":"2021-06-21T14:19:30Z","description":"","force_detach_policies":true,"id":"my-cluster20210621141930025400000009","inline_policy":[],"managed_policy_arns":[],"max_session_duration":3600,"name":"my-cluster20210621141930025400000009","name_prefix":"my-cluster","path":"/","permissions_boundary":null,"tags":{},"tags_all":{},"unique_id":"AROARVZ4AQRH55UY23S5N"},"after_unknown":{}}},{"address":"module.my-cluster.aws_iam_role_policy_attachment.cluster_AmazonEKSClusterPolicy[0]","module_address":"module.my-cluster","mode":"managed","type":"aws_iam_role_policy_attachment","name":"cluster_AmazonEKSClusterPolicy","index":0,"provider_name":"registry.terraform.io/hashicorp/aws","change":{"actions":["no-op"],"before":{"id":"my-cluster20210621140714296400000002-20210621140723654900000006","policy_arn":"arn:aws:iam::aws:policy/AmazonEKSClusterPolicy","role":"my-cluster20210621140714296400000002"},"after":{"id":"my-cluster20210621140714296400000002-20210621140723654900000006","policy_arn":"arn:aws:iam::aws:policy/AmazonEKSClusterPolicy","role":"my-cluster20210621140714296400000002"},"after_unknown":{}}},{"address":"module.my-cluster.aws_iam_role_policy_attachment.cluster_AmazonEKSServicePolicy[0]","module_address":"module.my-cluster","mode":"managed","type":"aws_iam_role_policy_attachment","name":"cluster_AmazonEKSServicePolicy","index":0,"provider_name":"registry.terraform.io/hashicorp/aws","change":{"actions":["no-op"],"before":{"id":"my-cluster20210621140714296400000002-20210621140723253700000005","policy_arn":"arn:aws:iam::aws:policy/AmazonEKSServicePolicy","role":"my-cluster20210621140714296400000002"},"after":{"id":"my-cluster20210621140714296400000002-20210621140723253700000005","policy_arn":"arn:aws:iam::aws:policy/AmazonEKSServicePolicy","role":"my-cluster20210621140714296400000002"},"after_unknown":{}}},{"address":"module.my-cluster.aws_iam_role_policy_attachment.cluster_AmazonEKSVPCResourceControllerPolicy[0]","module_address":"module.my-cluster","mode":"managed","type":"aws_iam_role_policy_attachment","name":"cluster_AmazonEKSVPCResourceControllerPolicy","index":0,"provider_name":"registry.terraform.io/hashicorp/aws","change":{"actions":["no-op"],"before":{"id":"my-cluster20210621140714296400000002-20210621140723247500000004","policy_arn":"arn:aws:iam::aws:policy/AmazonEKSVPCResourceController","role":"my-cluster20210621140714296400000002"},"after":{"id":"my-cluster20210621140714296400000002-20210621140723247500000004","policy_arn":"arn:aws:iam::aws:policy/AmazonEKSVPCResourceController","role":"my-cluster20210621140714296400000002"},"after_unknown":{}}},{"address":"module.my-cluster.aws_iam_role_policy_attachment.cluster_elb_sl_role_creation[0]","module_address":"module.my-cluster","mode":"managed","type":"aws_iam_role_policy_attachment","name":"cluster_elb_sl_role_creation","index":0,"provider_name":"registry.terraform.io/hashicorp/aws","change":{"actions":["no-op"],"before":{"id":"my-cluster20210621140714296400000002-20210621140723245600000003","policy_arn":"arn:aws:iam::115553109071:policy/my-cluster-elb-sl-role-creation20210621140714294500000001","role":"my-cluster20210621140714296400000002"},"after":{"id":"my-cluster20210621140714296400000002-20210621140723245600000003","policy_arn":"arn:aws:iam::115553109071:policy/my-cluster-elb-sl-role-creation20210621140714294500000001","role":"my-cluster20210621140714296400000002"},"after_unknown":{}}},{"address":"module.my-cluster.aws_iam_role_policy_attachment.workers_AmazonEC2ContainerRegistryReadOnly[0]","module_address":"module.my-cluster","mode":"managed","type":"aws_iam_role_policy_attachment","name":"workers_AmazonEC2ContainerRegistryReadOnly","index":0,"provider_name":"registry.terraform.io/hashicorp/aws","change":{"actions":["no-op"],"before":{"id":"my-cluster20210621141930025400000009-2021062114193899080000000b","policy_arn":"arn:aws:iam::aws:policy/AmazonEC2ContainerRegistryReadOnly","role":"my-cluster20210621141930025400000009"},"after":{"id":"my-cluster20210621141930025400000009-2021062114193899080000000b","policy_arn":"arn:aws:iam::aws:policy/AmazonEC2ContainerRegistryReadOnly","role":"my-cluster20210621141930025400000009"},"after_unknown":{}}},{"address":"module.my-cluster.aws_iam_role_policy_attachment.workers_AmazonEKSWorkerNodePolicy[0]","module_address":"module.my-cluster","mode":"managed","type":"aws_iam_role_policy_attachment","name":"workers_AmazonEKSWorkerNodePolicy","index":0,"provider_name":"registry.terraform.io/hashicorp/aws","change":{"actions":["no-op"],"before":{"id":"my-cluster20210621141930025400000009-2021062114193900550000000c","policy_arn":"arn:aws:iam::aws:policy/AmazonEKSWorkerNodePolicy","role":"my-cluster20210621141930025400000009"},"after":{"id":"my-cluster20210621141930025400000009-2021062114193900550000000c","policy_arn":"arn:aws:iam::aws:policy/AmazonEKSWorkerNodePolicy","role":"my-cluster20210621141930025400000009"},"after_unknown":{}}},{"address":"module.my-cluster.aws_iam_role_policy_attachment.workers_AmazonEKS_CNI_Policy[0]","module_address":"module.my-cluster","mode":"managed","type":"aws_iam_role_policy_attachment","name":"workers_AmazonEKS_CNI_Policy","index":0,"provider_name":"registry.terraform.io/hashicorp/aws","change":{"actions":["no-op"],"before":{"id":"my-cluster20210621141930025400000009-2021062114193901770000000d","policy_arn":"arn:aws:iam::aws:policy/AmazonEKS_CNI_Policy","role":"my-cluster20210621141930025400000009"},"after":{"id":"my-cluster20210621141930025400000009-2021062114193901770000000d","policy_arn":"arn:aws:iam::aws:policy/AmazonEKS_CNI_Policy","role":"my-cluster20210621141930025400000009"},"after_unknown":{}}},{"address":"module.my-cluster.aws_launch_configuration.workers[0]","module_address":"module.my-cluster","mode":"managed","type":"aws_launch_configuration","name":"workers","index":0,"provider_name":"registry.terraform.io/hashicorp/aws","change":{"actions":["no-op"],"before":{"arn":"arn:aws:autoscaling:us-east-1:115553109071:launchConfiguration:b6d7b219-2476-4fa6-9c46-b10c9174289c:launchConfigurationName/my-cluster-02021062114194059320000000e","associate_public_ip_address":false,"ebs_block_device":[],"ebs_optimized":true,"enable_monitoring":true,"ephemeral_block_device":[],"iam_instance_profile":"my-cluster2021062114193820670000000a","id":"my-cluster-02021062114194059320000000e","image_id":"ami-0cfde6d4e50a9037b","instance_type":"m4.large","key_name":"","metadata_options":[{"http_endpoint":"enabled","http_put_response_hop_limit":1,"http_tokens":"optional"}],"name":"my-cluster-02021062114194059320000000e","name_prefix":"my-cluster-0","placement_tenancy":"","root_block_device":[{"delete_on_termination":true,"encrypted":false,"iops":0,"throughput":0,"volume_size":100,"volume_type":"gp2"}],"security_groups":["sg-076113f4dbf56b7ed"],"spot_price":"","user_data":null,"user_data_base64":"IyEvYmluL2Jhc2ggLWUKCiMgQWxsb3cgdXNlciBzdXBwbGllZCBwcmUgdXNlcmRhdGEgY29kZQoKCiMgQm9vdHN0cmFwIGFuZCBqb2luIHRoZSBjbHVzdGVyCi9ldGMvZWtzL2Jvb3RzdHJhcC5zaCAtLWI2NC1jbHVzdGVyLWNhICdMUzB0TFMxQ1JVZEpUaUJEUlZKVVNVWkpRMEZVUlMwdExTMHRDazFKU1VONVJFTkRRV0pEWjBGM1NVSkJaMGxDUVVSQlRrSm5hM0ZvYTJsSE9YY3dRa0ZSYzBaQlJFRldUVkpOZDBWUldVUldVVkZFUlhkd2NtUlhTbXdLWTIwMWJHUkhWbnBOUWpSWVJGUkplRTFFV1hsTlZFVXdUVlJSTUU5R2IxaEVWRTE0VFVSWmVFOVVSVEJOVkZFd1QwWnZkMFpVUlZSTlFrVkhRVEZWUlFwQmVFMUxZVE5XYVZwWVNuVmFXRkpzWTNwRFEwRlRTWGRFVVZsS1MyOWFTV2gyWTA1QlVVVkNRbEZCUkdkblJWQkJSRU5EUVZGdlEyZG5SVUpCVHpoTUNuYzRPVU5RTlRSU01sTlpWbXhWYjBFMk5XUkNOMGMyTVVWaVRsTTRZVkkyZEVWTVNHaGhUWFUzVUVoaGVsVlpSSGw1UTNONGMyaHlORWwwY2twbmIzb0tSR3RJWjBkcFFuSmhTRFJKTWxWaU5rdGhiVVJOWVVOd1Eza3ZSemRyUTFab1EzSmhla0ppYkVkdWFVTlVlRVZxYWxsWk1VaFRLMWd3V25rMU5WcEJSZ3BhUldGbVFqRm1OamRwUldaMU1saFRURmR1Y2pOeVNHWTNhbVZwVlVwWmFFMTFXbEIzTmt4V1puQkJaemRxY1dKWFFrczNNVFJOZGxreU4zTTRNVXhNQ2pKUWNHNVpVRGRDSzBwSVExVjRPVUZ6Y2pGWE5sRXhhV0ZIYmk5bk9FNVRjMUo2TmpjcmRuSlhhVVJHVjA0NFRHVkdZMXBOZWt4UksyOWxkQzlZVEZBS01qVlZhVGhpY25ZNWNGRkxhMUZFZDFJM2F6TkllbFJzWjFoaGRuTktWVFozT1dFdmIzTk9hbU5qVWpKcGFrMWhNVXRaWkhVeldsQjFXR3htYzNKNFpnb3lRa1Z0Vm05U1VrZHpNUzl5UzFsalVVb3dRMEYzUlVGQllVMXFUVU5GZDBSbldVUldVakJRUVZGSUwwSkJVVVJCWjB0clRVRTRSMEV4VldSRmQwVkNDaTkzVVVaTlFVMUNRV1k0ZDBSUldVcExiMXBKYUhaalRrRlJSVXhDVVVGRVoyZEZRa0ZFUmpscFkxQnRUblJUY1RONmVVeFNiR3RLUlZCT1FuQnNkbU1LTldRMmJGZG9iRmRTVFdwdlNXdzNiaTgzZW1SUlUxRnVkeXRpV1RaS2NsZFdOSHBrVmtOSldFZEVkSGtyT0VJclNGWjRVbWxzVURNek5rYzRjaXRVYndwQ2VrMTJUemgwWldGcFFYaGtkV2RDYmpkR2VXMXpXR3h0ZUhOYWJUZzBXazlOWTJ4WE4ybHNXVkV5VXpKU1JVdE1PRUl5TVdSQ01YRnNSRU5PYWtGaUNsVmFNVkpLUzFkUk9XdHpRVEJqTTFRclJuUlhhbk5MVW1SR1ltMVNlbk12Um5sVWNtcG5WVVZ4TTJGR1JVdGtNVlJvWVVOVVZWbHRSRmMzTlRZMGNURUtRVkk1TVhwNk5VRlJkVlpWWVRkQ2IwRldkM0I2YVZsdlF6UXlRV0ZwUWk5b1ZXNXJZWFJwZGxSbVZXVXhNbTFQT1ZReFdXRktOMUowWkhKS2NteFFlQXBtV214emJtNTBTakpHV0dwWGFHaHhSakZ3WXpKd2VFOVBTVTVRWlU1WVoxUXdXalpTV0RSdk1HaFNUazlDWjJSRU9ESmFlbmQ1WTBWUk1EMEtMUzB0TFMxRlRrUWdRMFZTVkVsR1NVTkJWRVV0TFMwdExRbz0nIC0tYXBpc2VydmVyLWVuZHBvaW50ICdodHRwczovL0NERjM0QUNEMzVGQUFENDQyRDMxQ0REOEJCNUQzNkM3LmdyNy51cy1lYXN0LTEuZWtzLmFtYXpvbmF3cy5jb20nICAtLWt1YmVsZXQtZXh0cmEtYXJncyAiIiAnbXktY2x1c3RlcicKCiMgQWxsb3cgdXNlciBzdXBwbGllZCB1c2VyZGF0YSBjb2RlCgo=","vpc_classic_link_id":"","vpc_classic_link_security_groups":null},"after":{"arn":"arn:aws:autoscaling:us-east-1:115553109071:launchConfiguration:b6d7b219-2476-4fa6-9c46-b10c9174289c:launchConfigurationName/my-cluster-02021062114194059320000000e","associate_public_ip_address":false,"ebs_block_device":[],"ebs_optimized":true,"enable_monitoring":true,"ephemeral_block_device":[],"iam_instance_profile":"my-cluster2021062114193820670000000a","id":"my-cluster-02021062114194059320000000e","image_id":"ami-0cfde6d4e50a9037b","instance_type":"m4.large","key_name":"","metadata_options":[{"http_endpoint":"enabled","http_put_response_hop_limit":1,"http_tokens":"optional"}],"name":"my-cluster-02021062114194059320000000e","name_prefix":"my-cluster-0","placement_tenancy":"","root_block_device":[{"delete_on_termination":true,"encrypted":false,"iops":0,"throughput":0,"volume_size":100,"volume_type":"gp2"}],"security_groups":["sg-076113f4dbf56b7ed"],"spot_price":"","user_data":null,"user_data_base64":"IyEvYmluL2Jhc2ggLWUKCiMgQWxsb3cgdXNlciBzdXBwbGllZCBwcmUgdXNlcmRhdGEgY29kZQoKCiMgQm9vdHN0cmFwIGFuZCBqb2luIHRoZSBjbHVzdGVyCi9ldGMvZWtzL2Jvb3RzdHJhcC5zaCAtLWI2NC1jbHVzdGVyLWNhICdMUzB0TFMxQ1JVZEpUaUJEUlZKVVNVWkpRMEZVUlMwdExTMHRDazFKU1VONVJFTkRRV0pEWjBGM1NVSkJaMGxDUVVSQlRrSm5hM0ZvYTJsSE9YY3dRa0ZSYzBaQlJFRldUVkpOZDBWUldVUldVVkZFUlhkd2NtUlhTbXdLWTIwMWJHUkhWbnBOUWpSWVJGUkplRTFFV1hsTlZFVXdUVlJSTUU5R2IxaEVWRTE0VFVSWmVFOVVSVEJOVkZFd1QwWnZkMFpVUlZSTlFrVkhRVEZWUlFwQmVFMUxZVE5XYVZwWVNuVmFXRkpzWTNwRFEwRlRTWGRFVVZsS1MyOWFTV2gyWTA1QlVVVkNRbEZCUkdkblJWQkJSRU5EUVZGdlEyZG5SVUpCVHpoTUNuYzRPVU5RTlRSU01sTlpWbXhWYjBFMk5XUkNOMGMyTVVWaVRsTTRZVkkyZEVWTVNHaGhUWFUzVUVoaGVsVlpSSGw1UTNONGMyaHlORWwwY2twbmIzb0tSR3RJWjBkcFFuSmhTRFJKTWxWaU5rdGhiVVJOWVVOd1Eza3ZSemRyUTFab1EzSmhla0ppYkVkdWFVTlVlRVZxYWxsWk1VaFRLMWd3V25rMU5WcEJSZ3BhUldGbVFqRm1OamRwUldaMU1saFRURmR1Y2pOeVNHWTNhbVZwVlVwWmFFMTFXbEIzTmt4V1puQkJaemRxY1dKWFFrczNNVFJOZGxreU4zTTRNVXhNQ2pKUWNHNVpVRGRDSzBwSVExVjRPVUZ6Y2pGWE5sRXhhV0ZIYmk5bk9FNVRjMUo2TmpjcmRuSlhhVVJHVjA0NFRHVkdZMXBOZWt4UksyOWxkQzlZVEZBS01qVlZhVGhpY25ZNWNGRkxhMUZFZDFJM2F6TkllbFJzWjFoaGRuTktWVFozT1dFdmIzTk9hbU5qVWpKcGFrMWhNVXRaWkhVeldsQjFXR3htYzNKNFpnb3lRa1Z0Vm05U1VrZHpNUzl5UzFsalVVb3dRMEYzUlVGQllVMXFUVU5GZDBSbldVUldVakJRUVZGSUwwSkJVVVJCWjB0clRVRTRSMEV4VldSRmQwVkNDaTkzVVVaTlFVMUNRV1k0ZDBSUldVcExiMXBKYUhaalRrRlJSVXhDVVVGRVoyZEZRa0ZFUmpscFkxQnRUblJUY1RONmVVeFNiR3RLUlZCT1FuQnNkbU1LTldRMmJGZG9iRmRTVFdwdlNXdzNiaTgzZW1SUlUxRnVkeXRpV1RaS2NsZFdOSHBrVmtOSldFZEVkSGtyT0VJclNGWjRVbWxzVURNek5rYzRjaXRVYndwQ2VrMTJUemgwWldGcFFYaGtkV2RDYmpkR2VXMXpXR3h0ZUhOYWJUZzBXazlOWTJ4WE4ybHNXVkV5VXpKU1JVdE1PRUl5TVdSQ01YRnNSRU5PYWtGaUNsVmFNVkpLUzFkUk9XdHpRVEJqTTFRclJuUlhhbk5MVW1SR1ltMVNlbk12Um5sVWNtcG5WVVZ4TTJGR1JVdGtNVlJvWVVOVVZWbHRSRmMzTlRZMGNURUtRVkk1TVhwNk5VRlJkVlpWWVRkQ2IwRldkM0I2YVZsdlF6UXlRV0ZwUWk5b1ZXNXJZWFJwZGxSbVZXVXhNbTFQT1ZReFdXRktOMUowWkhKS2NteFFlQXBtV214emJtNTBTakpHV0dwWGFHaHhSakZ3WXpKd2VFOVBTVTVRWlU1WVoxUXdXalpTV0RSdk1HaFNUazlDWjJSRU9ESmFlbmQ1WTBWUk1EMEtMUzB0TFMxRlRrUWdRMFZTVkVsR1NVTkJWRVV0TFMwdExRbz0nIC0tYXBpc2VydmVyLWVuZHBvaW50ICdodHRwczovL0NERjM0QUNEMzVGQUFENDQyRDMxQ0REOEJCNUQzNkM3LmdyNy51cy1lYXN0LTEuZWtzLmFtYXpvbmF3cy5jb20nICAtLWt1YmVsZXQtZXh0cmEtYXJncyAiIiAnbXktY2x1c3RlcicKCiMgQWxsb3cgdXNlciBzdXBwbGllZCB1c2VyZGF0YSBjb2RlCgo=","vpc_classic_link_id":"","vpc_classic_link_security_groups":null},"after_unknown":{}}},{"address":"module.my-cluster.aws_security_group.cluster[0]","module_address":"module.my-cluster","mode":"managed","type":"aws_security_group","name":"cluster","index":0,"provider_name":"registry.terraform.io/hashicorp/aws","change":{"actions":["no-op"],"before":{"arn":"arn:aws:ec2:us-east-1:115553109071:security-group/sg-087cf3957f9627447","description":"EKS cluster security group.","egress":[],"id":"sg-087cf3957f9627447","ingress":[],"name":"my-cluster20210621140726201300000007","name_prefix":"my-cluster","owner_id":"115553109071","revoke_rules_on_delete":false,"tags":{"Name":"my-cluster-eks_cluster_sg"},"tags_all":{"Name":"my-cluster-eks_cluster_sg"},"timeouts":null,"vpc_id":"vpc-02b7f3126a5108c32"},"after":{"arn":"arn:aws:ec2:us-east-1:115553109071:security-group/sg-087cf3957f9627447","description":"EKS cluster security group.","egress":[],"id":"sg-087cf3957f9627447","ingress":[],"name":"my-cluster20210621140726201300000007","name_prefix":"my-cluster","owner_id":"115553109071","revoke_rules_on_delete":false,"tags":{"Name":"my-cluster-eks_cluster_sg"},"tags_all":{"Name":"my-cluster-eks_cluster_sg"},"timeouts":null,"vpc_id":"vpc-02b7f3126a5108c32"},"after_unknown":{}}},{"address":"module.my-cluster.aws_security_group.workers[0]","module_address":"module.my-cluster","mode":"managed","type":"aws_security_group","name":"workers","index":0,"provider_name":"registry.terraform.io/hashicorp/aws","change":{"actions":["no-op"],"before":{"arn":"arn:aws:ec2:us-east-1:115553109071:security-group/sg-076113f4dbf56b7ed","description":"Security group for all nodes in the cluster.","egress":[],"id":"sg-076113f4dbf56b7ed","ingress":[],"name":"my-cluster20210621140726201600000008","name_prefix":"my-cluster","owner_id":"115553109071","revoke_rules_on_delete":false,"tags":{"Name":"my-cluster-eks_worker_sg","kubernetes.io/cluster/my-cluster":"owned"},"tags_all":{"Name":"my-cluster-eks_worker_sg","kubernetes.io/cluster/my-cluster":"owned"},"timeouts":null,"vpc_id":"vpc-02b7f3126a5108c32"},"after":{"arn":"arn:aws:ec2:us-east-1:115553109071:security-group/sg-076113f4dbf56b7ed","description":"Security group for all nodes in the cluster.","egress":[],"id":"sg-076113f4dbf56b7ed","ingress":[],"name":"my-cluster20210621140726201600000008","name_prefix":"my-cluster","owner_id":"115553109071","revoke_rules_on_delete":false,"tags":{"Name":"my-cluster-eks_worker_sg","kubernetes.io/cluster/my-cluster":"owned"},"tags_all":{"Name":"my-cluster-eks_worker_sg","kubernetes.io/cluster/my-cluster":"owned"},"timeouts":null,"vpc_id":"vpc-02b7f3126a5108c32"},"after_unknown":{}}},{"address":"module.my-cluster.aws_security_group_rule.cluster_egress_internet[0]","module_address":"module.my-cluster","mode":"managed","type":"aws_security_group_rule","name":"cluster_egress_internet","index":0,"provider_name":"registry.terraform.io/hashicorp/aws","change":{"actions":["no-op"],"before":{"cidr_blocks":["0.0.0.0/0"],"description":"Allow cluster egress access to the Internet.","from_port":0,"id":"sgrule-1798443457","ipv6_cidr_blocks":null,"prefix_list_ids":null,"protocol":"-1","security_group_id":"sg-087cf3957f9627447","self":false,"source_security_group_id":null,"to_port":0,"type":"egress"},"after":{"cidr_blocks":["0.0.0.0/0"],"description":"Allow cluster egress access to the Internet.","from_port":0,"id":"sgrule-1798443457","ipv6_cidr_blocks":null,"prefix_list_ids":null,"protocol":"-1","security_group_id":"sg-087cf3957f9627447","self":false,"source_security_group_id":null,"to_port":0,"type":"egress"},"after_unknown":{}}},{"address":"module.my-cluster.aws_security_group_rule.cluster_https_worker_ingress[0]","module_address":"module.my-cluster","mode":"managed","type":"aws_security_group_rule","name":"cluster_https_worker_ingress","index":0,"provider_name":"registry.terraform.io/hashicorp/aws","change":{"actions":["no-op"],"before":{"cidr_blocks":null,"description":"Allow pods to communicate with the EKS cluster API.","from_port":443,"id":"sgrule-1835664954","ipv6_cidr_blocks":null,"prefix_list_ids":null,"protocol":"tcp","security_group_id":"sg-087cf3957f9627447","self":false,"source_security_group_id":"sg-076113f4dbf56b7ed","to_port":443,"type":"ingress"},"after":{"cidr_blocks":null,"description":"Allow pods to communicate with the EKS cluster API.","from_port":443,"id":"sgrule-1835664954","ipv6_cidr_blocks":null,"prefix_list_ids":null,"protocol":"tcp","security_group_id":"sg-087cf3957f9627447","self":false,"source_security_group_id":"sg-076113f4dbf56b7ed","to_port":443,"type":"ingress"},"after_unknown":{}}},{"address":"module.my-cluster.aws_security_group_rule.workers_egress_internet[0]","module_address":"module.my-cluster","mode":"managed","type":"aws_security_group_rule","name":"workers_egress_internet","index":0,"provider_name":"registry.terraform.io/hashicorp/aws","change":{"actions":["no-op"],"before":{"cidr_blocks":["0.0.0.0/0"],"description":"Allow nodes all egress to the Internet.","from_port":0,"id":"sgrule-893283682","ipv6_cidr_blocks":null,"prefix_list_ids":null,"protocol":"-1","security_group_id":"sg-076113f4dbf56b7ed","self":false,"source_security_group_id":null,"to_port":0,"type":"egress"},"after":{"cidr_blocks":["0.0.0.0/0"],"description":"Allow nodes all egress to the Internet.","from_port":0,"id":"sgrule-893283682","ipv6_cidr_blocks":null,"prefix_list_ids":null,"protocol":"-1","security_group_id":"sg-076113f4dbf56b7ed","self":false,"source_security_group_id":null,"to_port":0,"type":"egress"},"after_unknown":{}}},{"address":"module.my-cluster.aws_security_group_rule.workers_ingress_cluster[0]","module_address":"module.my-cluster","mode":"managed","type":"aws_security_group_rule","name":"workers_ingress_cluster","index":0,"provider_name":"registry.terraform.io/hashicorp/aws","change":{"actions":["no-op"],"before":{"cidr_blocks":null,"description":"Allow workers pods to receive communication from the cluster control plane.","from_port":1025,"id":"sgrule-3195936393","ipv6_cidr_blocks":null,"prefix_list_ids":null,"protocol":"tcp","security_group_id":"sg-076113f4dbf56b7ed","self":false,"source_security_group_id":"sg-087cf3957f9627447","to_port":65535,"type":"ingress"},"after":{"cidr_blocks":null,"description":"Allow workers pods to receive communication from the cluster control plane.","from_port":1025,"id":"sgrule-3195936393","ipv6_cidr_blocks":null,"prefix_list_ids":null,"protocol":"tcp","security_group_id":"sg-076113f4dbf56b7ed","self":false,"source_security_group_id":"sg-087cf3957f9627447","to_port":65535,"type":"ingress"},"after_unknown":{}}},{"address":"module.my-cluster.aws_security_group_rule.workers_ingress_cluster_https[0]","module_address":"module.my-cluster","mode":"managed","type":"aws_security_group_rule","name":"workers_ingress_cluster_https","index":0,"provider_name":"registry.terraform.io/hashicorp/aws","change":{"actions":["no-op"],"before":{"cidr_blocks":null,"description":"Allow pods running extension API servers on port 443 to receive communication from cluster control plane.","from_port":443,"id":"sgrule-846502332","ipv6_cidr_blocks":null,"prefix_list_ids":null,"protocol":"tcp","security_group_id":"sg-076113f4dbf56b7ed","self":false,"source_security_group_id":"sg-087cf3957f9627447","to_port":443,"type":"ingress"},"after":{"cidr_blocks":null,"description":"Allow pods running extension API servers on port 443 to receive communication from cluster control plane.","from_port":443,"id":"sgrule-846502332","ipv6_cidr_blocks":null,"prefix_list_ids":null,"protocol":"tcp","security_group_id":"sg-076113f4dbf56b7ed","self":false,"source_security_group_id":"sg-087cf3957f9627447","to_port":443,"type":"ingress"},"after_unknown":{}}},{"address":"module.my-cluster.aws_security_group_rule.workers_ingress_self[0]","module_address":"module.my-cluster","mode":"managed","type":"aws_security_group_rule","name":"workers_ingress_self","index":0,"provider_name":"registry.terraform.io/hashicorp/aws","change":{"actions":["no-op"],"before":{"cidr_blocks":null,"description":"Allow node to communicate with each other.","from_port":0,"id":"sgrule-491336861","ipv6_cidr_blocks":null,"prefix_list_ids":null,"protocol":"-1","security_group_id":"sg-076113f4dbf56b7ed","self":false,"source_security_group_id":"sg-076113f4dbf56b7ed","to_port":65535,"type":"ingress"},"after":{"cidr_blocks":null,"description":"Allow node to communicate with each other.","from_port":0,"id":"sgrule-491336861","ipv6_cidr_blocks":null,"prefix_list_ids":null,"protocol":"-1","security_group_id":"sg-076113f4dbf56b7ed","self":false,"source_security_group_id":"sg-076113f4dbf56b7ed","to_port":65535,"type":"ingress"},"after_unknown":{}}},{"address":"module.my-cluster.data.http.wait_for_cluster[0]","module_address":"module.my-cluster","mode":"data","type":"http","name":"wait_for_cluster","index":0,"provider_name":"registry.terraform.io/terraform-aws-modules/http","change":{"actions":["read"],"before":{"body":"ok","ca_certificate":"-----BEGIN CERTIFICATE-----\nMIICyDCCAbCgAwIBAgIBADANBgkqhkiG9w0BAQsFADAVMRMwEQYDVQQDEwprdWJl\ncm5ldGVzMB4XDTIxMDYyMTE0MTQ0OFoXDTMxMDYxOTE0MTQ0OFowFTETMBEGA1UE\nAxMKa3ViZXJuZXRlczCCASIwDQYJKoZIhvcNAQEBBQADggEPADCCAQoCggEBAO8L\nw89CP54R2SYVlUoA65dB7G61EbNS8aR6tELHhaMu7PHazUYDyyCsxshr4ItrJgoz\nDkHgGiBraH4I2Ub6KamDMaCpCy/G7kCVhCrazBblGniCTxEjjYY1HS+X0Zy55ZAF\nZEafB1f67iEfu2XSLWnr3rHf7jeiUJYhMuZPw6LVfpAg7jqbWBK714MvY27s81LL\n2PpnYP7B+JHCUx9Asr1W6Q1iaGn/g8NSsRz67+vrWiDFWN8LeFcZMzLQ+oet/XLP\n25Ui8brv9pQKkQDwR7k3HzTlgXavsJU6w9a/osNjccR2ijMa1KYdu3ZPuXlfsrxf\n2BEmVoRRGs1/rKYcQJ0CAwEAAaMjMCEwDgYDVR0PAQH/BAQDAgKkMA8GA1UdEwEB\n/wQFMAMBAf8wDQYJKoZIhvcNAQELBQADggEBADF9icPmNtSq3zyLRlkJEPNBplvc\n5d6lWhlWRMjoIl7n/7zdQSQnw+bY6JrWV4zdVCIXGDty+8B+HVxRilP336G8r+To\nBzMvO8teaiAxdugBn7FymsXlmxsZm84ZOMclW7ilYQ2S2REKL8B21dB1qlDCNjAb\nUZ1RJKWQ9ksA0c3T+FtWjsKRdFbmRzs/FyTrjgUEq3aFEKd1ThaCTUYmDW7564q1\nAR91zz5AQuVUa7BoAVwpziYoC42AaiB/hUnkativTfUe12mO9T1YaJ7RtdrJrlPx\nfZlsnntJ2FXjWhhqF1pc2pxOOINPeNXgT0Z6RX4o0hRNOBgdD82ZzwycEQ0=\n-----END CERTIFICATE-----\n","id":"https://CDF34ACD35FAAD442D31CDD8BB5D36C7.gr7.us-east-1.eks.amazonaws.com/healthz","insecure":false,"request_headers":null,"response_headers":{"Cache-Control":"no-cache, private","Content-Length":"2","Content-Type":"text/plain; charset=utf-8","Date":"Mon, 21 Jun 2021 14:20:46 GMT","X-Content-Type-Options":"nosniff"},"timeout":300,"url":"https://CDF34ACD35FAAD442D31CDD8BB5D36C7.gr7.us-east-1.eks.amazonaws.com/healthz"},"after":{"ca_certificate":"-----BEGIN CERTIFICATE-----\nMIICyDCCAbCgAwIBAgIBADANBgkqhkiG9w0BAQsFADAVMRMwEQYDVQQDEwprdWJl\ncm5ldGVzMB4XDTIxMDYyMTE0MTQ0OFoXDTMxMDYxOTE0MTQ0OFowFTETMBEGA1UE\nAxMKa3ViZXJuZXRlczCCASIwDQYJKoZIhvcNAQEBBQADggEPADCCAQoCggEBAO8L\nw89CP54R2SYVlUoA65dB7G61EbNS8aR6tELHhaMu7PHazUYDyyCsxshr4ItrJgoz\nDkHgGiBraH4I2Ub6KamDMaCpCy/G7kCVhCrazBblGniCTxEjjYY1HS+X0Zy55ZAF\nZEafB1f67iEfu2XSLWnr3rHf7jeiUJYhMuZPw6LVfpAg7jqbWBK714MvY27s81LL\n2PpnYP7B+JHCUx9Asr1W6Q1iaGn/g8NSsRz67+vrWiDFWN8LeFcZMzLQ+oet/XLP\n25Ui8brv9pQKkQDwR7k3HzTlgXavsJU6w9a/osNjccR2ijMa1KYdu3ZPuXlfsrxf\n2BEmVoRRGs1/rKYcQJ0CAwEAAaMjMCEwDgYDVR0PAQH/BAQDAgKkMA8GA1UdEwEB\n/wQFMAMBAf8wDQYJKoZIhvcNAQELBQADggEBADF9icPmNtSq3zyLRlkJEPNBplvc\n5d6lWhlWRMjoIl7n/7zdQSQnw+bY6JrWV4zdVCIXGDty+8B+HVxRilP336G8r+To\nBzMvO8teaiAxdugBn7FymsXlmxsZm84ZOMclW7ilYQ2S2REKL8B21dB1qlDCNjAb\nUZ1RJKWQ9ksA0c3T+FtWjsKRdFbmRzs/FyTrjgUEq3aFEKd1ThaCTUYmDW7564q1\nAR91zz5AQuVUa7BoAVwpziYoC42AaiB/hUnkativTfUe12mO9T1YaJ7RtdrJrlPx\nfZlsnntJ2FXjWhhqF1pc2pxOOINPeNXgT0Z6RX4o0hRNOBgdD82ZzwycEQ0=\n-----END CERTIFICATE-----\n","insecure":null,"request_headers":null,"timeout":300,"url":"https://CDF34ACD35FAAD442D31CDD8BB5D36C7.gr7.us-east-1.eks.amazonaws.com/healthz"},"after_unknown":{"body":true,"id":true,"response_headers":true}}},{"address":"module.my-cluster.kubernetes_config_map.aws_auth[0]","module_address":"module.my-cluster","mode":"managed","type":"kubernetes_config_map","name":"aws_auth","index":0,"provider_name":"registry.terraform.io/hashicorp/kubernetes","change":{"actions":["no-op"],"before":{"binary_data":null,"data":{"mapAccounts":"[]\n","mapRoles":"- \"groups\":\n  - \"system:bootstrappers\"\n  - \"system:nodes\"\n  \"rolearn\": \"arn:aws:iam::115553109071:role/my-cluster20210621141930025400000009\"\n  \"username\": \"system:node:{{EC2PrivateDNSName}}\"\n","mapUsers":"[]\n"},"id":"kube-system/aws-auth","metadata":[{"annotations":null,"generate_name":"","generation":0,"labels":{"app.kubernetes.io/managed-by":"Terraform","terraform.io/module":"terraform-aws-modules.eks.aws"},"name":"aws-auth","namespace":"kube-system","resource_version":"696","self_link":"/api/v1/namespaces/kube-system/configmaps/aws-auth","uid":"04193e5f-6d86-44d5-9544-4d8b8d02db1f"}]},"after":{"binary_data":null,"data":{"mapAccounts":"[]\n","mapRoles":"- \"groups\":\n  - \"system:bootstrappers\"\n  - \"system:nodes\"\n  \"rolearn\": \"arn:aws:iam::115553109071:role/my-cluster20210621141930025400000009\"\n  \"username\": \"system:node:{{EC2PrivateDNSName}}\"\n","mapUsers":"[]\n"},"id":"kube-system/aws-auth","metadata":[{"annotations":null,"generate_name":"","generation":0,"labels":{"app.kubernetes.io/managed-by":"Terraform","terraform.io/module":"terraform-aws-modules.eks.aws"},"name":"aws-auth","namespace":"kube-system","resource_version":"696","self_link":"/api/v1/namespaces/kube-system/configmaps/aws-auth","uid":"04193e5f-6d86-44d5-9544-4d8b8d02db1f"}]},"after_unknown":{}}},{"address":"module.my-cluster.local_file.kubeconfig[0]","module_address":"module.my-cluster","mode":"managed","type":"local_file","name":"kubeconfig","index":0,"provider_name":"registry.terraform.io/hashicorp/local","change":{"actions":["no-op"],"before":{"content":"apiVersion: v1\npreferences: {}\nkind: Config\n\nclusters:\n- cluster:\n    server: https://CDF34ACD35FAAD442D31CDD8BB5D36C7.gr7.us-east-1.eks.amazonaws.com\n    certificate-authority-data: LS0tLS1CRUdJTiBDRVJUSUZJQ0FURS0tLS0tCk1JSUN5RENDQWJDZ0F3SUJBZ0lCQURBTkJna3Foa2lHOXcwQkFRc0ZBREFWTVJNd0VRWURWUVFERXdwcmRXSmwKY201bGRHVnpNQjRYRFRJeE1EWXlNVEUwTVRRME9Gb1hEVE14TURZeE9URTBNVFEwT0Zvd0ZURVRNQkVHQTFVRQpBeE1LYTNWaVpYSnVaWFJsY3pDQ0FTSXdEUVlKS29aSWh2Y05BUUVCQlFBRGdnRVBBRENDQVFvQ2dnRUJBTzhMCnc4OUNQNTRSMlNZVmxVb0E2NWRCN0c2MUViTlM4YVI2dEVMSGhhTXU3UEhhelVZRHl5Q3N4c2hyNEl0ckpnb3oKRGtIZ0dpQnJhSDRJMlViNkthbURNYUNwQ3kvRzdrQ1ZoQ3JhekJibEduaUNUeEVqallZMUhTK1gwWnk1NVpBRgpaRWFmQjFmNjdpRWZ1MlhTTFducjNySGY3amVpVUpZaE11WlB3NkxWZnBBZzdqcWJXQks3MTRNdlkyN3M4MUxMCjJQcG5ZUDdCK0pIQ1V4OUFzcjFXNlExaWFHbi9nOE5Tc1J6NjcrdnJXaURGV044TGVGY1pNekxRK29ldC9YTFAKMjVVaThicnY5cFFLa1FEd1I3azNIelRsZ1hhdnNKVTZ3OWEvb3NOamNjUjJpak1hMUtZZHUzWlB1WGxmc3J4ZgoyQkVtVm9SUkdzMS9yS1ljUUowQ0F3RUFBYU1qTUNFd0RnWURWUjBQQVFIL0JBUURBZ0trTUE4R0ExVWRFd0VCCi93UUZNQU1CQWY4d0RRWUpLb1pJaHZjTkFRRUxCUUFEZ2dFQkFERjlpY1BtTnRTcTN6eUxSbGtKRVBOQnBsdmMKNWQ2bFdobFdSTWpvSWw3bi83emRRU1FudytiWTZKcldWNHpkVkNJWEdEdHkrOEIrSFZ4UmlsUDMzNkc4citUbwpCek12Tzh0ZWFpQXhkdWdCbjdGeW1zWGxteHNabTg0Wk9NY2xXN2lsWVEyUzJSRUtMOEIyMWRCMXFsRENOakFiClVaMVJKS1dROWtzQTBjM1QrRnRXanNLUmRGYm1SenMvRnlUcmpnVUVxM2FGRUtkMVRoYUNUVVltRFc3NTY0cTEKQVI5MXp6NUFRdVZVYTdCb0FWd3B6aVlvQzQyQWFpQi9oVW5rYXRpdlRmVWUxMm1POVQxWWFKN1J0ZHJKcmxQeApmWmxzbm50SjJGWGpXaGhxRjFwYzJweE9PSU5QZU5YZ1QwWjZSWDRvMGhSTk9CZ2REODJaend5Y0VRMD0KLS0tLS1FTkQgQ0VSVElGSUNBVEUtLS0tLQo=\n  name: eks_my-cluster\n\ncontexts:\n- context:\n    cluster: eks_my-cluster\n    user: eks_my-cluster\n  name: eks_my-cluster\n\ncurrent-context: eks_my-cluster\n\nusers:\n- name: eks_my-cluster\n  user:\n    exec:\n      apiVersion: client.authentication.k8s.io/v1alpha1\n      command: aws-iam-authenticator\n      args:\n        - \"token\"\n        - \"-i\"\n        - \"my-cluster\"\n","content_base64":null,"directory_permission":"0755","file_permission":"0600","filename":"./kubeconfig_my-cluster","id":"d52d2d93edf83824305fc5157ba08ca1a43b575e","sensitive_content":null,"source":null},"after":{"content":"apiVersion: v1\npreferences: {}\nkind: Config\n\nclusters:\n- cluster:\n    server: https://CDF34ACD35FAAD442D31CDD8BB5D36C7.gr7.us-east-1.eks.amazonaws.com\n    certificate-authority-data: LS0tLS1CRUdJTiBDRVJUSUZJQ0FURS0tLS0tCk1JSUN5RENDQWJDZ0F3SUJBZ0lCQURBTkJna3Foa2lHOXcwQkFRc0ZBREFWTVJNd0VRWURWUVFERXdwcmRXSmwKY201bGRHVnpNQjRYRFRJeE1EWXlNVEUwTVRRME9Gb1hEVE14TURZeE9URTBNVFEwT0Zvd0ZURVRNQkVHQTFVRQpBeE1LYTNWaVpYSnVaWFJsY3pDQ0FTSXdEUVlKS29aSWh2Y05BUUVCQlFBRGdnRVBBRENDQVFvQ2dnRUJBTzhMCnc4OUNQNTRSMlNZVmxVb0E2NWRCN0c2MUViTlM4YVI2dEVMSGhhTXU3UEhhelVZRHl5Q3N4c2hyNEl0ckpnb3oKRGtIZ0dpQnJhSDRJMlViNkthbURNYUNwQ3kvRzdrQ1ZoQ3JhekJibEduaUNUeEVqallZMUhTK1gwWnk1NVpBRgpaRWFmQjFmNjdpRWZ1MlhTTFducjNySGY3amVpVUpZaE11WlB3NkxWZnBBZzdqcWJXQks3MTRNdlkyN3M4MUxMCjJQcG5ZUDdCK0pIQ1V4OUFzcjFXNlExaWFHbi9nOE5Tc1J6NjcrdnJXaURGV044TGVGY1pNekxRK29ldC9YTFAKMjVVaThicnY5cFFLa1FEd1I3azNIelRsZ1hhdnNKVTZ3OWEvb3NOamNjUjJpak1hMUtZZHUzWlB1WGxmc3J4ZgoyQkVtVm9SUkdzMS9yS1ljUUowQ0F3RUFBYU1qTUNFd0RnWURWUjBQQVFIL0JBUURBZ0trTUE4R0ExVWRFd0VCCi93UUZNQU1CQWY4d0RRWUpLb1pJaHZjTkFRRUxCUUFEZ2dFQkFERjlpY1BtTnRTcTN6eUxSbGtKRVBOQnBsdmMKNWQ2bFdobFdSTWpvSWw3bi83emRRU1FudytiWTZKcldWNHpkVkNJWEdEdHkrOEIrSFZ4UmlsUDMzNkc4citUbwpCek12Tzh0ZWFpQXhkdWdCbjdGeW1zWGxteHNabTg0Wk9NY2xXN2lsWVEyUzJSRUtMOEIyMWRCMXFsRENOakFiClVaMVJKS1dROWtzQTBjM1QrRnRXanNLUmRGYm1SenMvRnlUcmpnVUVxM2FGRUtkMVRoYUNUVVltRFc3NTY0cTEKQVI5MXp6NUFRdVZVYTdCb0FWd3B6aVlvQzQyQWFpQi9oVW5rYXRpdlRmVWUxMm1POVQxWWFKN1J0ZHJKcmxQeApmWmxzbm50SjJGWGpXaGhxRjFwYzJweE9PSU5QZU5YZ1QwWjZSWDRvMGhSTk9CZ2REODJaend5Y0VRMD0KLS0tLS1FTkQgQ0VSVElGSUNBVEUtLS0tLQo=\n  name: eks_my-cluster\n\ncontexts:\n- context:\n    cluster: eks_my-cluster\n    user: eks_my-cluster\n  name: eks_my-cluster\n\ncurrent-context: eks_my-cluster\n\nusers:\n- name: eks_my-cluster\n  user:\n    exec:\n      apiVersion: client.authentication.k8s.io/v1alpha1\n      command: aws-iam-authenticator\n      args:\n        - \"token\"\n        - \"-i\"\n        - \"my-cluster\"\n","content_base64":null,"directory_permission":"0755","file_permission":"0600","filename":"./kubeconfig_my-cluster","id":"d52d2d93edf83824305fc5157ba08ca1a43b575e","sensitive_content":null,"source":null},"after_unknown":{}}},{"address":"module.vpc.aws_eip.nat[0]","module_address":"module.vpc","mode":"managed","type":"aws_eip","name":"nat","index":0,"provider_name":"registry.terraform.io/hashicorp/aws","change":{"actions":["no-op"],"before":{"address":null,"allocation_id":null,"associate_with_private_ip":null,"association_id":"","carrier_ip":"","customer_owned_ip":"","customer_owned_ipv4_pool":"","domain":"vpc","id":"eipalloc-070914c57f6f1e1b4","instance":"","network_border_group":"us-east-1","network_interface":"","private_dns":null,"private_ip":"","public_dns":"ec2-3-213-215-2.compute-1.amazonaws.com","public_ip":"3.213.215.2","public_ipv4_pool":"amazon","tags":{"Name":"test-us-east-1a"},"tags_all":{"Name":"test-us-east-1a"},"timeouts":null,"vpc":true},"after":{"address":null,"allocation_id":null,"associate_with_private_ip":null,"association_id":"","carrier_ip":"","customer_owned_ip":"","customer_owned_ipv4_pool":"","domain":"vpc","id":"eipalloc-070914c57f6f1e1b4","instance":"","network_border_group":"us-east-1","network_interface":"","private_dns":null,"private_ip":"","public_dns":"ec2-3-213-215-2.compute-1.amazonaws.com","public_ip":"3.213.215.2","public_ipv4_pool":"amazon","tags":{"Name":"test-us-east-1a"},"tags_all":{"Name":"test-us-east-1a"},"timeouts":null,"vpc":true},"after_unknown":{}}},{"address":"module.vpc.aws_eip.nat[1]","module_address":"module.vpc","mode":"managed","type":"aws_eip","name":"nat","index":1,"provider_name":"registry.terraform.io/hashicorp/aws","change":{"actions":["no-op"],"before":{"address":null,"allocation_id":null,"associate_with_private_ip":null,"association_id":"","carrier_ip":"","customer_owned_ip":"","customer_owned_ipv4_pool":"","domain":"vpc","id":"eipalloc-006743aee166e0f70","instance":"","network_border_group":"us-east-1","network_interface":"","private_dns":null,"private_ip":"","public_dns":"ec2-3-209-212-11.compute-1.amazonaws.com","public_ip":"3.209.212.11","public_ipv4_pool":"amazon","tags":{"Name":"test-us-east-1b"},"tags_all":{"Name":"test-us-east-1b"},"timeouts":null,"vpc":true},"after":{"address":null,"allocation_id":null,"associate_with_private_ip":null,"association_id":"","carrier_ip":"","customer_owned_ip":"","customer_owned_ipv4_pool":"","domain":"vpc","id":"eipalloc-006743aee166e0f70","instance":"","network_border_group":"us-east-1","network_interface":"","private_dns":null,"private_ip":"","public_dns":"ec2-3-209-212-11.compute-1.amazonaws.com","public_ip":"3.209.212.11","public_ipv4_pool":"amazon","tags":{"Name":"test-us-east-1b"},"tags_all":{"Name":"test-us-east-1b"},"timeouts":null,"vpc":true},"after_unknown":{}}},{"address":"module.vpc.aws_internet_gateway.this[0]","module_address":"module.vpc","mode":"managed","type":"aws_internet_gateway","name":"this","index":0,"provider_name":"registry.terraform.io/hashicorp/aws","change":{"actions":["no-op"],"before":{"arn":"arn:aws:ec2:us-east-1:115553109071:internet-gateway/igw-0148c476914ff0b38","id":"igw-0148c476914ff0b38","owner_id":"115553109071","tags":{"Name":"test"},"tags_all":{"Name":"test"},"vpc_id":"vpc-02b7f3126a5108c32"},"after":{"arn":"arn:aws:ec2:us-east-1:115553109071:internet-gateway/igw-0148c476914ff0b38","id":"igw-0148c476914ff0b38","owner_id":"115553109071","tags":{"Name":"test"},"tags_all":{"Name":"test"},"vpc_id":"vpc-02b7f3126a5108c32"},"after_unknown":{}}},{"address":"module.vpc.aws_nat_gateway.this[0]","module_address":"module.vpc","mode":"managed","type":"aws_nat_gateway","name":"this","index":0,"provider_name":"registry.terraform.io/hashicorp/aws","change":{"actions":["no-op"],"before":{"allocation_id":"eipalloc-070914c57f6f1e1b4","connectivity_type":"public","id":"nat-02d56cb0a5526227b","network_interface_id":"eni-0def94a5ed3fb7cf3","private_ip":"10.0.101.224","public_ip":"3.213.215.2","subnet_id":"subnet-01646b282db0e6add","tags":{"Name":"test-us-east-1a"},"tags_all":{"Name":"test-us-east-1a"}},"after":{"allocation_id":"eipalloc-070914c57f6f1e1b4","connectivity_type":"public","id":"nat-02d56cb0a5526227b","network_interface_id":"eni-0def94a5ed3fb7cf3","private_ip":"10.0.101.224","public_ip":"3.213.215.2","subnet_id":"subnet-01646b282db0e6add","tags":{"Name":"test-us-east-1a"},"tags_all":{"Name":"test-us-east-1a"}},"after_unknown":{}}},{"address":"module.vpc.aws_nat_gateway.this[1]","module_address":"module.vpc","mode":"managed","type":"aws_nat_gateway","name":"this","index":1,"provider_name":"registry.terraform.io/hashicorp/aws","change":{"actions":["no-op"],"before":{"allocation_id":"eipalloc-006743aee166e0f70","connectivity_type":"public","id":"nat-074e6f093539831d9","network_interface_id":"eni-0d71a2a6376e770ae","private_ip":"10.0.102.217","public_ip":"3.209.212.11","subnet_id":"subnet-0ba91749c22101798","tags":{"Name":"test-us-east-1b"},"tags_all":{"Name":"test-us-east-1b"}},"after":{"allocation_id":"eipalloc-006743aee166e0f70","connectivity_type":"public","id":"nat-074e6f093539831d9","network_interface_id":"eni-0d71a2a6376e770ae","private_ip":"10.0.102.217","public_ip":"3.209.212.11","subnet_id":"subnet-0ba91749c22101798","tags":{"Name":"test-us-east-1b"},"tags_all":{"Name":"test-us-east-1b"}},"after_unknown":{}}},{"address":"module.vpc.aws_route.private_nat_gateway[0]","module_address":"module.vpc","mode":"managed","type":"aws_route","name":"private_nat_gateway","index":0,"provider_name":"registry.terraform.io/hashicorp/aws","change":{"actions":["no-op"],"before":{"carrier_gateway_id":"","destination_cidr_block":"0.0.0.0/0","destination_ipv6_cidr_block":"","destination_prefix_list_id":"","egress_only_gateway_id":"","gateway_id":"","id":"r-rtb-08f6e18da0ff006261080289494","instance_id":"","instance_owner_id":"","local_gateway_id":"","nat_gateway_id":"nat-02d56cb0a5526227b","network_interface_id":"","origin":"CreateRoute","route_table_id":"rtb-08f6e18da0ff00626","state":"active","timeouts":{"create":"5m","delete":null},"transit_gateway_id":"","vpc_endpoint_id":"","vpc_peering_connection_id":""},"after":{"carrier_gateway_id":"","destination_cidr_block":"0.0.0.0/0","destination_ipv6_cidr_block":"","destination_prefix_list_id":"","egress_only_gateway_id":"","gateway_id":"","id":"r-rtb-08f6e18da0ff006261080289494","instance_id":"","instance_owner_id":"","local_gateway_id":"","nat_gateway_id":"nat-02d56cb0a5526227b","network_interface_id":"","origin":"CreateRoute","route_table_id":"rtb-08f6e18da0ff00626","state":"active","timeouts":{"create":"5m","delete":null},"transit_gateway_id":"","vpc_endpoint_id":"","vpc_peering_connection_id":""},"after_unknown":{}}},{"address":"module.vpc.aws_route.private_nat_gateway[1]","module_address":"module.vpc","mode":"managed","type":"aws_route","name":"private_nat_gateway","index":1,"provider_name":"registry.terraform.io/hashicorp/aws","change":{"actions":["no-op"],"before":{"carrier_gateway_id":"","destination_cidr_block":"0.0.0.0/0","destination_ipv6_cidr_block":"","destination_prefix_list_id":"","egress_only_gateway_id":"","gateway_id":"","id":"r-rtb-06c665fa50bb4cb831080289494","instance_id":"","instance_owner_id":"","local_gateway_id":"","nat_gateway_id":"nat-074e6f093539831d9","network_interface_id":"","origin":"CreateRoute","route_table_id":"rtb-06c665fa50bb4cb83","state":"active","timeouts":{"create":"5m","delete":null},"transit_gateway_id":"","vpc_endpoint_id":"","vpc_peering_connection_id":""},"after":{"carrier_gateway_id":"","destination_cidr_block":"0.0.0.0/0","destination_ipv6_cidr_block":"","destination_prefix_list_id":"","egress_only_gateway_id":"","gateway_id":"","id":"r-rtb-06c665fa50bb4cb831080289494","instance_id":"","instance_owner_id":"","local_gateway_id":"","nat_gateway_id":"nat-074e6f093539831d9","network_interface_id":"","origin":"CreateRoute","route_table_id":"rtb-06c665fa50bb4cb83","state":"active","timeouts":{"create":"5m","delete":null},"transit_gateway_id":"","vpc_endpoint_id":"","vpc_peering_connection_id":""},"after_unknown":{}}},{"address":"module.vpc.aws_route.public_internet_gateway[0]","module_address":"module.vpc","mode":"managed","type":"aws_route","name":"public_internet_gateway","index":0,"provider_name":"registry.terraform.io/hashicorp/aws","change":{"actions":["no-op"],"before":{"carrier_gateway_id":"","destination_cidr_block":"0.0.0.0/0","destination_ipv6_cidr_block":"","destination_prefix_list_id":"","egress_only_gateway_id":"","gateway_id":"igw-0148c476914ff0b38","id":"r-rtb-04133c8833b5a84891080289494","instance_id":"","instance_owner_id":"","local_gateway_id":"","nat_gateway_id":"","network_interface_id":"","origin":"CreateRoute","route_table_id":"rtb-04133c8833b5a8489","state":"active","timeouts":{"create":"5m","delete":null},"transit_gateway_id":"","vpc_endpoint_id":"","vpc_peering_connection_id":""},"after":{"carrier_gateway_id":"","destination_cidr_block":"0.0.0.0/0","destination_ipv6_cidr_block":"","destination_prefix_list_id":"","egress_only_gateway_id":"","gateway_id":"igw-0148c476914ff0b38","id":"r-rtb-04133c8833b5a84891080289494","instance_id":"","instance_owner_id":"","local_gateway_id":"","nat_gateway_id":"","network_interface_id":"","origin":"CreateRoute","route_table_id":"rtb-04133c8833b5a8489","state":"active","timeouts":{"create":"5m","delete":null},"transit_gateway_id":"","vpc_endpoint_id":"","vpc_peering_connection_id":""},"after_unknown":{}}},{"address":"module.vpc.aws_route_table.private[0]","module_address":"module.vpc","mode":"managed","type":"aws_route_table","name":"private","index":0,"provider_name":"registry.terraform.io/hashicorp/aws","change":{"actions":["no-op"],"before":{"arn":"arn:aws:ec2:us-east-1:115553109071:route-table/rtb-08f6e18da0ff00626","id":"rtb-08f6e18da0ff00626","owner_id":"115553109071","propagating_vgws":[],"route":[],"tags":{"Name":"test-private-us-east-1a"},"tags_all":{"Name":"test-private-us-east-1a"},"vpc_id":"vpc-02b7f3126a5108c32"},"after":{"arn":"arn:aws:ec2:us-east-1:115553109071:route-table/rtb-08f6e18da0ff00626","id":"rtb-08f6e18da0ff00626","owner_id":"115553109071","propagating_vgws":[],"route":[],"tags":{"Name":"test-private-us-east-1a"},"tags_all":{"Name":"test-private-us-east-1a"},"vpc_id":"vpc-02b7f3126a5108c32"},"after_unknown":{}}},{"address":"module.vpc.aws_route_table.private[1]","module_address":"module.vpc","mode":"managed","type":"aws_route_table","name":"private","index":1,"provider_name":"registry.terraform.io/hashicorp/aws","change":{"actions":["no-op"],"before":{"arn":"arn:aws:ec2:us-east-1:115553109071:route-table/rtb-06c665fa50bb4cb83","id":"rtb-06c665fa50bb4cb83","owner_id":"115553109071","propagating_vgws":[],"route":[],"tags":{"Name":"test-private-us-east-1b"},"tags_all":{"Name":"test-private-us-east-1b"},"vpc_id":"vpc-02b7f3126a5108c32"},"after":{"arn":"arn:aws:ec2:us-east-1:115553109071:route-table/rtb-06c665fa50bb4cb83","id":"rtb-06c665fa50bb4cb83","owner_id":"115553109071","propagating_vgws":[],"route":[],"tags":{"Name":"test-private-us-east-1b"},"tags_all":{"Name":"test-private-us-east-1b"},"vpc_id":"vpc-02b7f3126a5108c32"},"after_unknown":{}}},{"address":"module.vpc.aws_route_table.public[0]","module_address":"module.vpc","mode":"managed","type":"aws_route_table","name":"public","index":0,"provider_name":"registry.terraform.io/hashicorp/aws","change":{"actions":["no-op"],"before":{"arn":"arn:aws:ec2:us-east-1:115553109071:route-table/rtb-04133c8833b5a8489","id":"rtb-04133c8833b5a8489","owner_id":"115553109071","propagating_vgws":[],"route":[],"tags":{"Name":"test-public"},"tags_all":{"Name":"test-public"},"vpc_id":"vpc-02b7f3126a5108c32"},"after":{"arn":"arn:aws:ec2:us-east-1:115553109071:route-table/rtb-04133c8833b5a8489","id":"rtb-04133c8833b5a8489","owner_id":"115553109071","propagating_vgws":[],"route":[],"tags":{"Name":"test-public"},"tags_all":{"Name":"test-public"},"vpc_id":"vpc-02b7f3126a5108c32"},"after_unknown":{}}},{"address":"module.vpc.aws_route_table_association.private[0]","module_address":"module.vpc","mode":"managed","type":"aws_route_table_association","name":"private","index":0,"provider_name":"registry.terraform.io/hashicorp/aws","change":{"actions":["no-op"],"before":{"gateway_id":null,"id":"rtbassoc-06bcffadfa5eb12fc","route_table_id":"rtb-08f6e18da0ff00626","subnet_id":"subnet-022685ee8d3663b5c"},"after":{"gateway_id":null,"id":"rtbassoc-06bcffadfa5eb12fc","route_table_id":"rtb-08f6e18da0ff00626","subnet_id":"subnet-022685ee8d3663b5c"},"after_unknown":{}}},{"address":"module.vpc.aws_route_table_association.private[1]","module_address":"module.vpc","mode":"managed","type":"aws_route_table_association","name":"private","index":1,"provider_name":"registry.terraform.io/hashicorp/aws","change":{"actions":["no-op"],"before":{"gateway_id":null,"id":"rtbassoc-0d783d9f6b22ff9a0","route_table_id":"rtb-06c665fa50bb4cb83","subnet_id":"subnet-087af17d6e6623026"},"after":{"gateway_id":null,"id":"rtbassoc-0d783d9f6b22ff9a0","route_table_id":"rtb-06c665fa50bb4cb83","subnet_id":"subnet-087af17d6e6623026"},"after_unknown":{}}},{"address":"module.vpc.aws_route_table_association.public[0]","module_address":"module.vpc","mode":"managed","type":"aws_route_table_association","name":"public","index":0,"provider_name":"registry.terraform.io/hashicorp/aws","change":{"actions":["no-op"],"before":{"gateway_id":null,"id":"rtbassoc-0d20a55cf71ae680a","route_table_id":"rtb-04133c8833b5a8489","subnet_id":"subnet-01646b282db0e6add"},"after":{"gateway_id":null,"id":"rtbassoc-0d20a55cf71ae680a","route_table_id":"rtb-04133c8833b5a8489","subnet_id":"subnet-01646b282db0e6add"},"after_unknown":{}}},{"address":"module.vpc.aws_route_table_association.public[1]","module_address":"module.vpc","mode":"managed","type":"aws_route_table_association","name":"public","index":1,"provider_name":"registry.terraform.io/hashicorp/aws","change":{"actions":["no-op"],"before":{"gateway_id":null,"id":"rtbassoc-006e4af23dd7c863a","route_table_id":"rtb-04133c8833b5a8489","subnet_id":"subnet-0ba91749c22101798"},"after":{"gateway_id":null,"id":"rtbassoc-006e4af23dd7c863a","route_table_id":"rtb-04133c8833b5a8489","subnet_id":"subnet-0ba91749c22101798"},"after_unknown":{}}},{"address":"module.vpc.aws_subnet.private[0]","module_address":"module.vpc","mode":"managed","type":"aws_subnet","name":"private","index":0,"provider_name":"registry.terraform.io/hashicorp/aws","change":{"actions":["no-op"],"before":{"arn":"arn:aws:ec2:us-east-1:115553109071:subnet/subnet-022685ee8d3663b5c","assign_ipv6_address_on_creation":false,"availability_zone":"us-east-1a","availability_zone_id":"use1-az1","cidr_block":"10.0.1.0/24","customer_owned_ipv4_pool":"","id":"subnet-022685ee8d3663b5c","ipv6_cidr_block":"","ipv6_cidr_block_association_id":"","map_customer_owned_ip_on_launch":false,"map_public_ip_on_launch":false,"outpost_arn":"","owner_id":"115553109071","tags":{"Name":"test-private-us-east-1a"},"tags_all":{"Name":"test-private-us-east-1a"},"timeouts":null,"vpc_id":"vpc-02b7f3126a5108c32"},"after":{"arn":"arn:aws:ec2:us-east-1:115553109071:subnet/subnet-022685ee8d3663b5c","assign_ipv6_address_on_creation":false,"availability_zone":"us-east-1a","availability_zone_id":"use1-az1","cidr_block":"10.0.1.0/24","customer_owned_ipv4_pool":"","id":"subnet-022685ee8d3663b5c","ipv6_cidr_block":"","ipv6_cidr_block_association_id":"","map_customer_owned_ip_on_launch":false,"map_public_ip_on_launch":false,"outpost_arn":"","owner_id":"115553109071","tags":{"Name":"test-private-us-east-1a"},"tags_all":{"Name":"test-private-us-east-1a"},"timeouts":null,"vpc_id":"vpc-02b7f3126a5108c32"},"after_unknown":{}}},{"address":"module.vpc.aws_subnet.private[1]","module_address":"module.vpc","mode":"managed","type":"aws_subnet","name":"private","index":1,"provider_name":"registry.terraform.io/hashicorp/aws","change":{"actions":["no-op"],"before":{"arn":"arn:aws:ec2:us-east-1:115553109071:subnet/subnet-087af17d6e6623026","assign_ipv6_address_on_creation":false,"availability_zone":"us-east-1b","availability_zone_id":"use1-az2","cidr_block":"10.0.2.0/24","customer_owned_ipv4_pool":"","id":"subnet-087af17d6e6623026","ipv6_cidr_block":"","ipv6_cidr_block_association_id":"","map_customer_owned_ip_on_launch":false,"map_public_ip_on_launch":false,"outpost_arn":"","owner_id":"115553109071","tags":{"Name":"test-private-us-east-1b"},"tags_all":{"Name":"test-private-us-east-1b"},"timeouts":null,"vpc_id":"vpc-02b7f3126a5108c32"},"after":{"arn":"arn:aws:ec2:us-east-1:115553109071:subnet/subnet-087af17d6e6623026","assign_ipv6_address_on_creation":false,"availability_zone":"us-east-1b","availability_zone_id":"use1-az2","cidr_block":"10.0.2.0/24","customer_owned_ipv4_pool":"","id":"subnet-087af17d6e6623026","ipv6_cidr_block":"","ipv6_cidr_block_association_id":"","map_customer_owned_ip_on_launch":false,"map_public_ip_on_launch":false,"outpost_arn":"","owner_id":"115553109071","tags":{"Name":"test-private-us-east-1b"},"tags_all":{"Name":"test-private-us-east-1b"},"timeouts":null,"vpc_id":"vpc-02b7f3126a5108c32"},"after_unknown":{}}},{"address":"module.vpc.aws_subnet.public[0]","module_address":"module.vpc","mode":"managed","type":"aws_subnet","name":"public","index":0,"provider_name":"registry.terraform.io/hashicorp/aws","change":{"actions":["no-op"],"before":{"arn":"arn:aws:ec2:us-east-1:115553109071:subnet/subnet-01646b282db0e6add","assign_ipv6_address_on_creation":false,"availability_zone":"us-east-1a","availability_zone_id":"use1-az1","cidr_block":"10.0.101.0/24","customer_owned_ipv4_pool":"","id":"subnet-01646b282db0e6add","ipv6_cidr_block":"","ipv6_cidr_block_association_id":"","map_customer_owned_ip_on_launch":false,"map_public_ip_on_launch":true,"outpost_arn":"","owner_id":"115553109071","tags":{"Name":"test-public-us-east-1a"},"tags_all":{"Name":"test-public-us-east-1a"},"timeouts":null,"vpc_id":"vpc-02b7f3126a5108c32"},"after":{"arn":"arn:aws:ec2:us-east-1:115553109071:subnet/subnet-01646b282db0e6add","assign_ipv6_address_on_creation":false,"availability_zone":"us-east-1a","availability_zone_id":"use1-az1","cidr_block":"10.0.101.0/24","customer_owned_ipv4_pool":"","id":"subnet-01646b282db0e6add","ipv6_cidr_block":"","ipv6_cidr_block_association_id":"","map_customer_owned_ip_on_launch":false,"map_public_ip_on_launch":true,"outpost_arn":"","owner_id":"115553109071","tags":{"Name":"test-public-us-east-1a"},"tags_all":{"Name":"test-public-us-east-1a"},"timeouts":null,"vpc_id":"vpc-02b7f3126a5108c32"},"after_unknown":{}}},{"address":"module.vpc.aws_subnet.public[1]","module_address":"module.vpc","mode":"managed","type":"aws_subnet","name":"public","index":1,"provider_name":"registry.terraform.io/hashicorp/aws","change":{"actions":["no-op"],"before":{"arn":"arn:aws:ec2:us-east-1:115553109071:subnet/subnet-0ba91749c22101798","assign_ipv6_address_on_creation":false,"availability_zone":"us-east-1b","availability_zone_id":"use1-az2","cidr_block":"10.0.102.0/24","customer_owned_ipv4_pool":"","id":"subnet-0ba91749c22101798","ipv6_cidr_block":"","ipv6_cidr_block_association_id":"","map_customer_owned_ip_on_launch":false,"map_public_ip_on_launch":true,"outpost_arn":"","owner_id":"115553109071","tags":{"Name":"test-public-us-east-1b"},"tags_all":{"Name":"test-public-us-east-1b"},"timeouts":null,"vpc_id":"vpc-02b7f3126a5108c32"},"after":{"arn":"arn:aws:ec2:us-east-1:115553109071:subnet/subnet-0ba91749c22101798","assign_ipv6_address_on_creation":false,"availability_zone":"us-east-1b","availability_zone_id":"use1-az2","cidr_block":"10.0.102.0/24","customer_owned_ipv4_pool":"","id":"subnet-0ba91749c22101798","ipv6_cidr_block":"","ipv6_cidr_block_association_id":"","map_customer_owned_ip_on_launch":false,"map_public_ip_on_launch":true,"outpost_arn":"","owner_id":"115553109071","tags":{"Name":"test-public-us-east-1b"},"tags_all":{"Name":"test-public-us-east-1b"},"timeouts":null,"vpc_id":"vpc-02b7f3126a5108c32"},"after_unknown":{}}},{"address":"module.vpc.aws_vpc.this[0]","module_address":"module.vpc","mode":"managed","type":"aws_vpc","name":"this","index":0,"provider_name":"registry.terraform.io/hashicorp/aws","change":{"actions":["no-op"],"before":{"arn":"arn:aws:ec2:us-east-1:115553109071:vpc/vpc-02b7f3126a5108c32","assign_generated_ipv6_cidr_block":false,"cidr_block":"10.0.0.0/16","default_network_acl_id":"acl-09969e21f2a7b4388","default_route_table_id":"rtb-06c1e58e20ad63f2d","default_security_group_id":"sg-001b74d8c65cd6150","dhcp_options_id":"dopt-3045214a","enable_classiclink":false,"enable_classiclink_dns_support":false,"enable_dns_hostnames":false,"enable_dns_support":true,"id":"vpc-02b7f3126a5108c32","instance_tenancy":"default","ipv6_association_id":"","ipv6_cidr_block":"","main_route_table_id":"rtb-06c1e58e20ad63f2d","owner_id":"115553109071","tags":{"Name":"test"},"tags_all":{"Name":"test"}},"after":{"arn":"arn:aws:ec2:us-east-1:115553109071:vpc/vpc-02b7f3126a5108c32","assign_generated_ipv6_cidr_block":false,"cidr_block":"10.0.0.0/16","default_network_acl_id":"acl-09969e21f2a7b4388","default_route_table_id":"rtb-06c1e58e20ad63f2d","default_security_group_id":"sg-001b74d8c65cd6150","dhcp_options_id":"dopt-3045214a","enable_classiclink":false,"enable_classiclink_dns_support":false,"enable_dns_hostnames":false,"enable_dns_support":true,"id":"vpc-02b7f3126a5108c32","instance_tenancy":"default","ipv6_association_id":"","ipv6_cidr_block":"","main_route_table_id":"rtb-06c1e58e20ad63f2d","owner_id":"115553109071","tags":{"Name":"test"},"tags_all":{"Name":"test"}},"after_unknown":{}}},{"address":"module.vpc.aws_vpn_gateway.this[0]","module_address":"module.vpc","mode":"managed","type":"aws_vpn_gateway","name":"this","index":0,"provider_name":"registry.terraform.io/hashicorp/aws","change":{"actions":["no-op"],"before":{"amazon_side_asn":"64512","arn":"arn:aws:ec2:us-east-1:115553109071:vpn-gateway/vgw-0c2346057504ff0fd","availability_zone":null,"id":"vgw-0c2346057504ff0fd","tags":{"Name":"test"},"tags_all":{"Name":"test"},"vpc_id":"vpc-02b7f3126a5108c32"},"after":{"amazon_side_asn":"64512","arn":"arn:aws:ec2:us-east-1:115553109071:vpn-gateway/vgw-0c2346057504ff0fd","availability_zone":null,"id":"vgw-0c2346057504ff0fd","tags":{"Name":"test"},"tags_all":{"Name":"test"},"vpc_id":"vpc-02b7f3126a5108c32"},"after_unknown":{}}}],"output_changes":{"aws_auth_roles":{"actions":["create"],"before":null,"after":[],"after_unknown":false},"azs":{"actions":["create"],"before":null,"after":["us-east-1a","us-east-1b"],"after_unknown":false},"cgw_arns":{"actions":["create"],"before":null,"after":[],"after_unknown":false},"cgw_ids":{"actions":["create"],"before":null,"after":[],"after_unknown":false},"cloudwatch_log_group_arn":{"actions":["create"],"before":null,"after":"","after_unknown":false},"cloudwatch_log_group_name":{"actions":["create"],"before":null,"after":"","after_unknown":false},"cluster_arn":{"actions":["create"],"before":null,"after":"arn:aws:eks:us-east-1:115553109071:cluster/my-cluster","after_unknown":false},"cluster_certificate_authority_data":{"actions":["create"],"before":null,"after":"LS0tLS1CRUdJTiBDRVJUSUZJQ0FURS0tLS0tCk1JSUN5RENDQWJDZ0F3SUJBZ0lCQURBTkJna3Foa2lHOXcwQkFRc0ZBREFWTVJNd0VRWURWUVFERXdwcmRXSmwKY201bGRHVnpNQjRYRFRJeE1EWXlNVEUwTVRRME9Gb1hEVE14TURZeE9URTBNVFEwT0Zvd0ZURVRNQkVHQTFVRQpBeE1LYTNWaVpYSnVaWFJsY3pDQ0FTSXdEUVlKS29aSWh2Y05BUUVCQlFBRGdnRVBBRENDQVFvQ2dnRUJBTzhMCnc4OUNQNTRSMlNZVmxVb0E2NWRCN0c2MUViTlM4YVI2dEVMSGhhTXU3UEhhelVZRHl5Q3N4c2hyNEl0ckpnb3oKRGtIZ0dpQnJhSDRJMlViNkthbURNYUNwQ3kvRzdrQ1ZoQ3JhekJibEduaUNUeEVqallZMUhTK1gwWnk1NVpBRgpaRWFmQjFmNjdpRWZ1MlhTTFducjNySGY3amVpVUpZaE11WlB3NkxWZnBBZzdqcWJXQks3MTRNdlkyN3M4MUxMCjJQcG5ZUDdCK0pIQ1V4OUFzcjFXNlExaWFHbi9nOE5Tc1J6NjcrdnJXaURGV044TGVGY1pNekxRK29ldC9YTFAKMjVVaThicnY5cFFLa1FEd1I3azNIelRsZ1hhdnNKVTZ3OWEvb3NOamNjUjJpak1hMUtZZHUzWlB1WGxmc3J4ZgoyQkVtVm9SUkdzMS9yS1ljUUowQ0F3RUFBYU1qTUNFd0RnWURWUjBQQVFIL0JBUURBZ0trTUE4R0ExVWRFd0VCCi93UUZNQU1CQWY4d0RRWUpLb1pJaHZjTkFRRUxCUUFEZ2dFQkFERjlpY1BtTnRTcTN6eUxSbGtKRVBOQnBsdmMKNWQ2bFdobFdSTWpvSWw3bi83emRRU1FudytiWTZKcldWNHpkVkNJWEdEdHkrOEIrSFZ4UmlsUDMzNkc4citUbwpCek12Tzh0ZWFpQXhkdWdCbjdGeW1zWGxteHNabTg0Wk9NY2xXN2lsWVEyUzJSRUtMOEIyMWRCMXFsRENOakFiClVaMVJKS1dROWtzQTBjM1QrRnRXanNLUmRGYm1SenMvRnlUcmpnVUVxM2FGRUtkMVRoYUNUVVltRFc3NTY0cTEKQVI5MXp6NUFRdVZVYTdCb0FWd3B6aVlvQzQyQWFpQi9oVW5rYXRpdlRmVWUxMm1POVQxWWFKN1J0ZHJKcmxQeApmWmxzbm50SjJGWGpXaGhxRjFwYzJweE9PSU5QZU5YZ1QwWjZSWDRvMGhSTk9CZ2REODJaend5Y0VRMD0KLS0tLS1FTkQgQ0VSVElGSUNBVEUtLS0tLQo=","after_unknown":false},"cluster_endpoint":{"actions":["create"],"before":null,"after":"https://CDF34ACD35FAAD442D31CDD8BB5D36C7.gr7.us-east-1.eks.amazonaws.com","after_unknown":false},"cluster_iam_role_arn":{"actions":["create"],"before":null,"after":"arn:aws:iam::115553109071:role/my-cluster20210621140714296400000002","after_unknown":false},"cluster_iam_role_name":{"actions":["create"],"before":null,"after":"my-cluster20210621140714296400000002","after_unknown":false},"cluster_id":{"actions":["create"],"before":null,"after":"my-cluster","after_unknown":false},"cluster_oidc_issuer_url":{"actions":["create"],"before":null,"after":"https://oidc.eks.us-east-1.amazonaws.com/id/CDF34ACD35FAAD442D31CDD8BB5D36C7","after_unknown":false},"cluster_primary_security_group_id":{"actions":["create"],"before":null,"after":"sg-04b73a551b1303653","after_unknown":false},"cluster_security_group_id":{"actions":["create"],"before":null,"after":"sg-087cf3957f9627447","after_unknown":false},"cluster_version":{"actions":["create"],"before":null,"after":"1.16","after_unknown":false},"config_map_aws_auth":{"actions":["create"],"before":null,"after":[{"binary_data":null,"data":{"mapAccounts":"[]\n","mapRoles":"- \"groups\":\n  - \"system:bootstrappers\"\n  - \"system:nodes\"\n  \"rolearn\": \"arn:aws:iam::115553109071:role/my-cluster20210621141930025400000009\"\n  \"username\": \"system:node:{{EC2PrivateDNSName}}\"\n","mapUsers":"[]\n"},"id":"kube-system/aws-auth","metadata":[{"annotations":null,"generate_name":"","generation":0,"labels":{"app.kubernetes.io/managed-by":"Terraform","terraform.io/module":"terraform-aws-modules.eks.aws"},"name":"aws-auth","namespace":"kube-system","resource_version":"696","self_link":"/api/v1/namespaces/kube-system/configmaps/aws-auth","uid":"04193e5f-6d86-44d5-9544-4d8b8d02db1f"}]}],"after_unknown":false},"database_internet_gateway_route_id":{"actions":["create"],"before":null,"after":"","after_unknown":false},"database_ipv6_egress_route_id":{"actions":["create"],"before":null,"after":"","after_unknown":false},"database_nat_gateway_route_ids":{"actions":["create"],"before":null,"after":[],"after_unknown":false},"database_network_acl_arn":{"actions":["create"],"before":null,"after":"","after_unknown":false},"database_network_acl_id":{"actions":["create"],"before":null,"after":"","after_unknown":false},"database_route_table_association_ids":{"actions":["create"],"before":null,"after":[],"after_unknown":false},"database_route_table_ids":{"actions":["create"],"before":null,"after":["rtb-08f6e18da0ff00626","rtb-06c665fa50bb4cb83"],"after_unknown":false},"database_subnet_arns":{"actions":["create"],"before":null,"after":[],"after_unknown":false},"database_subnet_group":{"actions":["create"],"before":null,"after":"","after_unknown":false},"database_subnet_group_name":{"actions":["create"],"before":null,"after":"","after_unknown":false},"database_subnets":{"actions":["create"],"before":null,"after":[],"after_unknown":false},"database_subnets_cidr_blocks":{"actions":["create"],"before":null,"after":[],"after_unknown":false},"database_subnets_ipv6_cidr_blocks":{"actions":["create"],"before":null,"after":[],"after_unknown":false},"default_network_acl_id":{"actions":["create"],"before":null,"after":"acl-09969e21f2a7b4388","after_unknown":false},"default_route_table_id":{"actions":["create"],"before":null,"after":"rtb-06c1e58e20ad63f2d","after_unknown":false},"default_security_group_id":{"actions":["create"],"before":null,"after":"sg-001b74d8c65cd6150","after_unknown":false},"default_vpc_arn":{"actions":["create"],"before":null,"after":"","after_unknown":false},"default_vpc_cidr_block":{"actions":["create"],"before":null,"after":"","after_unknown":false},"default_vpc_default_network_acl_id":{"actions":["create"],"before":null,"after":"","after_unknown":false},"default_vpc_default_route_table_id":{"actions":["create"],"before":null,"after":"","after_unknown":false},"default_vpc_default_security_group_id":{"actions":["create"],"before":null,"after":"","after_unknown":false},"default_vpc_enable_dns_hostnames":{"actions":["create"],"before":null,"after":"","after_unknown":false},"default_vpc_enable_dns_support":{"actions":["create"],"before":null,"after":"","after_unknown":false},"default_vpc_id":{"actions":["create"],"before":null,"after":"","after_unknown":false},"default_vpc_instance_tenancy":{"actions":["create"],"before":null,"after":"","after_unknown":false},"default_vpc_main_route_table_id":{"actions":["create"],"before":null,"after":"","after_unknown":false},"egress_only_internet_gateway_id":{"actions":["create"],"before":null,"after":"","after_unknown":false},"elasticache_network_acl_arn":{"actions":["create"],"before":null,"after":"","after_unknown":false},"elasticache_network_acl_id":{"actions":["create"],"before":null,"after":"","after_unknown":false},"elasticache_route_table_association_ids":{"actions":["create"],"before":null,"after":[],"after_unknown":false},"elasticache_route_table_ids":{"actions":["create"],"before":null,"after":["rtb-08f6e18da0ff00626","rtb-06c665fa50bb4cb83"],"after_unknown":false},"elasticache_subnet_arns":{"actions":["create"],"before":null,"after":[],"after_unknown":false},"elasticache_subnet_group":{"actions":["create"],"before":null,"after":"","after_unknown":false},"elasticache_subnet_group_name":{"actions":["create"],"before":null,"after":"","after_unknown":false},"elasticache_subnets":{"actions":["create"],"before":null,"after":[],"after_unknown":false},"elasticache_subnets_cidr_blocks":{"actions":["create"],"before":null,"after":[],"after_unknown":false},"elasticache_subnets_ipv6_cidr_blocks":{"actions":["create"],"before":null,"after":[],"after_unknown":false},"fargate_iam_role_arn":{"actions":["create"],"before":null,"after":"","after_unknown":false},"fargate_iam_role_name":{"actions":["create"],"before":null,"after":"","after_unknown":false},"fargate_profile_arns":{"actions":["create"],"before":null,"after":[],"after_unknown":false},"fargate_profile_ids":{"actions":["create"],"before":null,"after":[],"after_unknown":false},"iam_role_arn":{"actions":["create"],"before":null,"after":"","after_unknown":false},"iam_role_name":{"actions":["create"],"before":null,"after":"","after_unknown":false},"igw_arn":{"actions":["create"],"before":null,"after":"arn:aws:ec2:us-east-1:115553109071:internet-gateway/igw-0148c476914ff0b38","after_unknown":false},"igw_id":{"actions":["create"],"before":null,"after":"igw-0148c476914ff0b38","after_unknown":false},"intra_network_acl_arn":{"actions":["create"],"before":null,"after":"","after_unknown":false},"intra_network_acl_id":{"actions":["create"],"before":null,"after":"","after_unknown":false},"intra_route_table_association_ids":{"actions":["create"],"before":null,"after":[],"after_unknown":false},"intra_route_table_ids":{"actions":["create"],"before":null,"after":[],"after_unknown":false},"intra_subnet_arns":{"actions":["create"],"before":null,"after":[],"after_unknown":false},"intra_subnets":{"actions":["create"],"before":null,"after":[],"after_unknown":false},"intra_subnets_cidr_blocks":{"actions":["create"],"before":null,"after":[],"after_unknown":false},"intra_subnets_ipv6_cidr_blocks":{"actions":["create"],"before":null,"after":[],"after_unknown":false},"kubeconfig":{"actions":["create"],"before":null,"after":"apiVersion: v1\npreferences: {}\nkind: Config\n\nclusters:\n- cluster:\n    server: https://CDF34ACD35FAAD442D31CDD8BB5D36C7.gr7.us-east-1.eks.amazonaws.com\n    certificate-authority-data: LS0tLS1CRUdJTiBDRVJUSUZJQ0FURS0tLS0tCk1JSUN5RENDQWJDZ0F3SUJBZ0lCQURBTkJna3Foa2lHOXcwQkFRc0ZBREFWTVJNd0VRWURWUVFERXdwcmRXSmwKY201bGRHVnpNQjRYRFRJeE1EWXlNVEUwTVRRME9Gb1hEVE14TURZeE9URTBNVFEwT0Zvd0ZURVRNQkVHQTFVRQpBeE1LYTNWaVpYSnVaWFJsY3pDQ0FTSXdEUVlKS29aSWh2Y05BUUVCQlFBRGdnRVBBRENDQVFvQ2dnRUJBTzhMCnc4OUNQNTRSMlNZVmxVb0E2NWRCN0c2MUViTlM4YVI2dEVMSGhhTXU3UEhhelVZRHl5Q3N4c2hyNEl0ckpnb3oKRGtIZ0dpQnJhSDRJMlViNkthbURNYUNwQ3kvRzdrQ1ZoQ3JhekJibEduaUNUeEVqallZMUhTK1gwWnk1NVpBRgpaRWFmQjFmNjdpRWZ1MlhTTFducjNySGY3amVpVUpZaE11WlB3NkxWZnBBZzdqcWJXQks3MTRNdlkyN3M4MUxMCjJQcG5ZUDdCK0pIQ1V4OUFzcjFXNlExaWFHbi9nOE5Tc1J6NjcrdnJXaURGV044TGVGY1pNekxRK29ldC9YTFAKMjVVaThicnY5cFFLa1FEd1I3azNIelRsZ1hhdnNKVTZ3OWEvb3NOamNjUjJpak1hMUtZZHUzWlB1WGxmc3J4ZgoyQkVtVm9SUkdzMS9yS1ljUUowQ0F3RUFBYU1qTUNFd0RnWURWUjBQQVFIL0JBUURBZ0trTUE4R0ExVWRFd0VCCi93UUZNQU1CQWY4d0RRWUpLb1pJaHZjTkFRRUxCUUFEZ2dFQkFERjlpY1BtTnRTcTN6eUxSbGtKRVBOQnBsdmMKNWQ2bFdobFdSTWpvSWw3bi83emRRU1FudytiWTZKcldWNHpkVkNJWEdEdHkrOEIrSFZ4UmlsUDMzNkc4citUbwpCek12Tzh0ZWFpQXhkdWdCbjdGeW1zWGxteHNabTg0Wk9NY2xXN2lsWVEyUzJSRUtMOEIyMWRCMXFsRENOakFiClVaMVJKS1dROWtzQTBjM1QrRnRXanNLUmRGYm1SenMvRnlUcmpnVUVxM2FGRUtkMVRoYUNUVVltRFc3NTY0cTEKQVI5MXp6NUFRdVZVYTdCb0FWd3B6aVlvQzQyQWFpQi9oVW5rYXRpdlRmVWUxMm1POVQxWWFKN1J0ZHJKcmxQeApmWmxzbm50SjJGWGpXaGhxRjFwYzJweE9PSU5QZU5YZ1QwWjZSWDRvMGhSTk9CZ2REODJaend5Y0VRMD0KLS0tLS1FTkQgQ0VSVElGSUNBVEUtLS0tLQo=\n  name: eks_my-cluster\n\ncontexts:\n- context:\n    cluster: eks_my-cluster\n    user: eks_my-cluster\n  name: eks_my-cluster\n\ncurrent-context: eks_my-cluster\n\nusers:\n- name: eks_my-cluster\n  user:\n    exec:\n      apiVersion: client.authentication.k8s.io/v1alpha1\n      command: aws-iam-authenticator\n      args:\n        - \"token\"\n        - \"-i\"\n        - \"my-cluster\"\n","after_unknown":false},"kubeconfig_filename":{"actions":["create"],"before":null,"after":"./kubeconfig_my-cluster","after_unknown":false},"name":{"actions":["create"],"before":null,"after":"test","after_unknown":false},"nat_ids":{"actions":["create"],"before":null,"after":["eipalloc-070914c57f6f1e1b4","eipalloc-006743aee166e0f70"],"after_unknown":false},"nat_public_ips":{"actions":["create"],"before":null,"after":["3.213.215.2","3.209.212.11"],"after_unknown":false},"natgw_ids":{"actions":["create"],"before":null,"after":["nat-02d56cb0a5526227b","nat-074e6f093539831d9"],"after_unknown":false},"node_groups":{"actions":["create"],"before":null,"after":{},"after_unknown":false},"oidc_provider_arn":{"actions":["delete"],"before":null,"after":null,"after_unknown":false},"outpost_network_acl_arn":{"actions":["create"],"before":null,"after":"","after_unknown":false},"outpost_network_acl_id":{"actions":["create"],"before":null,"after":"","after_unknown":false},"outpost_subnet_arns":{"actions":["create"],"before":null,"after":[],"after_unknown":false},"outpost_subnets":{"actions":["create"],"before":null,"after":[],"after_unknown":false},"outpost_subnets_cidr_blocks":{"actions":["create"],"before":null,"after":[],"after_unknown":false},"outpost_subnets_ipv6_cidr_blocks":{"actions":["create"],"before":null,"after":[],"after_unknown":false},"private_ipv6_egress_route_ids":{"actions":["create"],"before":null,"after":[],"after_unknown":false},"private_nat_gateway_route_ids":{"actions":["create"],"before":null,"after":["r-rtb-08f6e18da0ff006261080289494","r-rtb-06c665fa50bb4cb831080289494"],"after_unknown":false},"private_network_acl_arn":{"actions":["create"],"before":null,"after":"","after_unknown":false},"private_network_acl_id":{"actions":["create"],"before":null,"after":"","after_unknown":false},"private_route_table_association_ids":{"actions":["create"],"before":null,"after":["rtbassoc-06bcffadfa5eb12fc","rtbassoc-0d783d9f6b22ff9a0"],"after_unknown":false},"private_route_table_ids":{"actions":["create"],"before":null,"after":["rtb-08f6e18da0ff00626","rtb-06c665fa50bb4cb83"],"after_unknown":false},"private_subnet_arns":{"actions":["create"],"before":null,"after":["arn:aws:ec2:us-east-1:115553109071:subnet/subnet-022685ee8d3663b5c","arn:aws:ec2:us-east-1:115553109071:subnet/subnet-087af17d6e6623026"],"after_unknown":false},"private_subnets":{"actions":["create"],"before":null,"after":["subnet-022685ee8d3663b5c","subnet-087af17d6e6623026"],"after_unknown":false},"private_subnets_cidr_blocks":{"actions":["create"],"before":null,"after":["10.0.1.0/24","10.0.2.0/24"],"after_unknown":false},"private_subnets_ipv6_cidr_blocks":{"actions":["create"],"before":null,"after":["",""],"after_unknown":false},"public_internet_gateway_ipv6_route_id":{"actions":["create"],"before":null,"after":"","after_unknown":false},"public_internet_gateway_route_id":{"actions":["create"],"before":null,"after":"r-rtb-04133c8833b5a84891080289494","after_unknown":false},"public_network_acl_arn":{"actions":["create"],"before":null,"after":"","after_unknown":false},"public_network_acl_id":{"actions":["create"],"before":null,"after":"","after_unknown":false},"public_route_table_association_ids":{"actions":["create"],"before":null,"after":["rtbassoc-0d20a55cf71ae680a","rtbassoc-006e4af23dd7c863a"],"after_unknown":false},"public_route_table_ids":{"actions":["create"],"before":null,"after":["rtb-04133c8833b5a8489"],"after_unknown":false},"public_subnet_arns":{"actions":["create"],"before":null,"after":["arn:aws:ec2:us-east-1:115553109071:subnet/subnet-01646b282db0e6add","arn:aws:ec2:us-east-1:115553109071:subnet/subnet-0ba91749c22101798"],"after_unknown":false},"public_subnets":{"actions":["create"],"before":null,"after":["subnet-01646b282db0e6add","subnet-0ba91749c22101798"],"after_unknown":false},"public_subnets_cidr_blocks":{"actions":["create"],"before":null,"after":["10.0.101.0/24","10.0.102.0/24"],"after_unknown":false},"public_subnets_ipv6_cidr_blocks":{"actions":["create"],"before":null,"after":["",""],"after_unknown":false},"redshift_network_acl_arn":{"actions":["create"],"before":null,"after":"","after_unknown":false},"redshift_network_acl_id":{"actions":["create"],"before":null,"after":"","after_unknown":false},"redshift_public_route_table_association_ids":{"actions":["create"],"before":null,"after":[],"after_unknown":false},"redshift_route_table_association_ids":{"actions":["create"],"before":null,"after":[],"after_unknown":false},"redshift_route_table_ids":{"actions":["create"],"before":null,"after":["rtb-08f6e18da0ff00626","rtb-06c665fa50bb4cb83"],"after_unknown":false},"redshift_subnet_arns":{"actions":["create"],"before":null,"after":[],"after_unknown":false},"redshift_subnet_group":{"actions":["create"],"before":null,"after":"","after_unknown":false},"redshift_subnets":{"actions":["create"],"before":null,"after":[],"after_unknown":false},"redshift_subnets_cidr_blocks":{"actions":["create"],"before":null,"after":[],"after_unknown":false},"redshift_subnets_ipv6_cidr_blocks":{"actions":["create"],"before":null,"after":[],"after_unknown":false},"security_group_rule_cluster_https_worker_ingress":{"actions":["create"],"before":null,"after":[{"cidr_blocks":null,"description":"Allow pods to communicate with the EKS cluster API.","from_port":443,"id":"sgrule-1835664954","ipv6_cidr_blocks":null,"prefix_list_ids":null,"protocol":"tcp","security_group_id":"sg-087cf3957f9627447","self":false,"source_security_group_id":"sg-076113f4dbf56b7ed","to_port":443,"type":"ingress"}],"after_unknown":false},"this_customer_gateway":{"actions":["create"],"before":null,"after":{},"after_unknown":false},"vgw_arn":{"actions":["create"],"before":null,"after":"arn:aws:ec2:us-east-1:115553109071:vpn-gateway/vgw-0c2346057504ff0fd","after_unknown":false},"vgw_id":{"actions":["create"],"before":null,"after":"vgw-0c2346057504ff0fd","after_unknown":false},"vpc_arn":{"actions":["create"],"before":null,"after":"arn:aws:ec2:us-east-1:115553109071:vpc/vpc-02b7f3126a5108c32","after_unknown":false},"vpc_cidr_block":{"actions":["create"],"before":null,"after":"10.0.0.0/16","after_unknown":false},"vpc_enable_dns_hostnames":{"actions":["create"],"before":null,"after":false,"after_unknown":false},"vpc_enable_dns_support":{"actions":["create"],"before":null,"after":true,"after_unknown":false},"vpc_flow_log_cloudwatch_iam_role_arn":{"actions":["create"],"before":null,"after":"","after_unknown":false},"vpc_flow_log_destination_arn":{"actions":["create"],"before":null,"after":"","after_unknown":false},"vpc_flow_log_destination_type":{"actions":["create"],"before":null,"after":"cloud-watch-logs","after_unknown":false},"vpc_flow_log_id":{"actions":["create"],"before":null,"after":"","after_unknown":false},"vpc_id":{"actions":["create"],"before":null,"after":"vpc-02b7f3126a5108c32","after_unknown":false},"vpc_instance_tenancy":{"actions":["create"],"before":null,"after":"default","after_unknown":false},"vpc_ipv6_association_id":{"actions":["create"],"before":null,"after":"","after_unknown":false},"vpc_ipv6_cidr_block":{"actions":["create"],"before":null,"after":"","after_unknown":false},"vpc_main_route_table_id":{"actions":["create"],"before":null,"after":"rtb-06c1e58e20ad63f2d","after_unknown":false},"vpc_owner_id":{"actions":["create"],"before":null,"after":"115553109071","after_unknown":false},"vpc_secondary_cidr_blocks":{"actions":["create"],"before":null,"after":[],"after_unknown":false},"worker_iam_instance_profile_arns":{"actions":["create"],"before":null,"after":["arn:aws:iam::115553109071:instance-profile/my-cluster2021062114193820670000000a"],"after_unknown":false},"worker_iam_instance_profile_names":{"actions":["create"],"before":null,"after":["my-cluster2021062114193820670000000a"],"after_unknown":false},"worker_iam_role_arn":{"actions":["create"],"before":null,"after":"arn:aws:iam::115553109071:role/my-cluster20210621141930025400000009","after_unknown":false},"worker_iam_role_name":{"actions":["create"],"before":null,"after":"my-cluster20210621141930025400000009","after_unknown":false},"worker_security_group_id":{"actions":["create"],"before":null,"after":"sg-076113f4dbf56b7ed","after_unknown":false},"workers_asg_arns":{"actions":["create"],"before":null,"after":["arn:aws:autoscaling:us-east-1:115553109071:autoScalingGroup:ea5bd0af-d82b-4872-b555-567be9ca8a49:autoScalingGroupName/my-cluster-02021062114194886310000000f"],"after_unknown":false},"workers_asg_names":{"actions":["create"],"before":null,"after":["my-cluster-02021062114194886310000000f"],"after_unknown":false},"workers_default_ami_id":{"actions":["create"],"before":null,"after":"ami-0cfde6d4e50a9037b","after_unknown":false},"workers_default_ami_id_windows":{"actions":["create"],"before":null,"after":"","after_unknown":false},"workers_launch_template_arns":{"actions":["create"],"before":null,"after":[],"after_unknown":false},"workers_launch_template_ids":{"actions":["create"],"before":null,"after":[],"after_unknown":false},"workers_launch_template_latest_versions":{"actions":["create"],"before":null,"after":[],"after_unknown":false},"workers_user_data":{"actions":["create"],"before":null,"after":["#!/bin/bash -e\n\n# Allow user supplied pre userdata code\n\n\n# Bootstrap and join the cluster\n/etc/eks/bootstrap.sh --b64-cluster-ca 'LS0tLS1CRUdJTiBDRVJUSUZJQ0FURS0tLS0tCk1JSUN5RENDQWJDZ0F3SUJBZ0lCQURBTkJna3Foa2lHOXcwQkFRc0ZBREFWTVJNd0VRWURWUVFERXdwcmRXSmwKY201bGRHVnpNQjRYRFRJeE1EWXlNVEUwTVRRME9Gb1hEVE14TURZeE9URTBNVFEwT0Zvd0ZURVRNQkVHQTFVRQpBeE1LYTNWaVpYSnVaWFJsY3pDQ0FTSXdEUVlKS29aSWh2Y05BUUVCQlFBRGdnRVBBRENDQVFvQ2dnRUJBTzhMCnc4OUNQNTRSMlNZVmxVb0E2NWRCN0c2MUViTlM4YVI2dEVMSGhhTXU3UEhhelVZRHl5Q3N4c2hyNEl0ckpnb3oKRGtIZ0dpQnJhSDRJMlViNkthbURNYUNwQ3kvRzdrQ1ZoQ3JhekJibEduaUNUeEVqallZMUhTK1gwWnk1NVpBRgpaRWFmQjFmNjdpRWZ1MlhTTFducjNySGY3amVpVUpZaE11WlB3NkxWZnBBZzdqcWJXQks3MTRNdlkyN3M4MUxMCjJQcG5ZUDdCK0pIQ1V4OUFzcjFXNlExaWFHbi9nOE5Tc1J6NjcrdnJXaURGV044TGVGY1pNekxRK29ldC9YTFAKMjVVaThicnY5cFFLa1FEd1I3azNIelRsZ1hhdnNKVTZ3OWEvb3NOamNjUjJpak1hMUtZZHUzWlB1WGxmc3J4ZgoyQkVtVm9SUkdzMS9yS1ljUUowQ0F3RUFBYU1qTUNFd0RnWURWUjBQQVFIL0JBUURBZ0trTUE4R0ExVWRFd0VCCi93UUZNQU1CQWY4d0RRWUpLb1pJaHZjTkFRRUxCUUFEZ2dFQkFERjlpY1BtTnRTcTN6eUxSbGtKRVBOQnBsdmMKNWQ2bFdobFdSTWpvSWw3bi83emRRU1FudytiWTZKcldWNHpkVkNJWEdEdHkrOEIrSFZ4UmlsUDMzNkc4citUbwpCek12Tzh0ZWFpQXhkdWdCbjdGeW1zWGxteHNabTg0Wk9NY2xXN2lsWVEyUzJSRUtMOEIyMWRCMXFsRENOakFiClVaMVJKS1dROWtzQTBjM1QrRnRXanNLUmRGYm1SenMvRnlUcmpnVUVxM2FGRUtkMVRoYUNUVVltRFc3NTY0cTEKQVI5MXp6NUFRdVZVYTdCb0FWd3B6aVlvQzQyQWFpQi9oVW5rYXRpdlRmVWUxMm1POVQxWWFKN1J0ZHJKcmxQeApmWmxzbm50SjJGWGpXaGhxRjFwYzJweE9PSU5QZU5YZ1QwWjZSWDRvMGhSTk9CZ2REODJaend5Y0VRMD0KLS0tLS1FTkQgQ0VSVElGSUNBVEUtLS0tLQo=' --apiserver-endpoint 'https://CDF34ACD35FAAD442D31CDD8BB5D36C7.gr7.us-east-1.eks.amazonaws.com'  --kubelet-extra-args \"\" 'my-cluster'\n\n# Allow user supplied userdata code\n\n"],"after_unknown":false}},"prior_state":{"format_version":"0.1","terraform_version":"0.13.4","values":{"root_module":{"resources":[{"address":"aws_security_group.unused","mode":"managed","type":"aws_security_group","name":"unused","provider_name":"registry.terraform.io/hashicorp/aws","schema_version":1,"values":{"arn":"arn:aws:ec2:us-east-1:115553109071:security-group/sg-0e954b85bdb88960e","description":"Managed by Terraform","egress":[],"id":"sg-0e954b85bdb88960e","ingress":[{"cidr_blocks":["0.0.0.0/0"],"description":"","from_port":53,"ipv6_cidr_blocks":[],"prefix_list_ids":[],"protocol":"udp","security_groups":[],"self":false,"to_port":53}],"name":"Unused security group","name_prefix":"","owner_id":"115553109071","revoke_rules_on_delete":false,"tags":null,"tags_all":{},"timeouts":null,"vpc_id":"vpc-02b7f3126a5108c32"},"depends_on":["module.vpc.aws_vpc.this"]},{"address":"data.aws_eks_cluster.cluster","mode":"data","type":"aws_eks_cluster","name":"cluster","provider_name":"registry.terraform.io/hashicorp/aws","schema_version":0,"values":{"arn":"arn:aws:eks:us-east-1:115553109071:cluster/my-cluster","certificate_authority":[{"data":"LS0tLS1CRUdJTiBDRVJUSUZJQ0FURS0tLS0tCk1JSUN5RENDQWJDZ0F3SUJBZ0lCQURBTkJna3Foa2lHOXcwQkFRc0ZBREFWTVJNd0VRWURWUVFERXdwcmRXSmwKY201bGRHVnpNQjRYRFRJeE1EWXlNVEUwTVRRME9Gb1hEVE14TURZeE9URTBNVFEwT0Zvd0ZURVRNQkVHQTFVRQpBeE1LYTNWaVpYSnVaWFJsY3pDQ0FTSXdEUVlKS29aSWh2Y05BUUVCQlFBRGdnRVBBRENDQVFvQ2dnRUJBTzhMCnc4OUNQNTRSMlNZVmxVb0E2NWRCN0c2MUViTlM4YVI2dEVMSGhhTXU3UEhhelVZRHl5Q3N4c2hyNEl0ckpnb3oKRGtIZ0dpQnJhSDRJMlViNkthbURNYUNwQ3kvRzdrQ1ZoQ3JhekJibEduaUNUeEVqallZMUhTK1gwWnk1NVpBRgpaRWFmQjFmNjdpRWZ1MlhTTFducjNySGY3amVpVUpZaE11WlB3NkxWZnBBZzdqcWJXQks3MTRNdlkyN3M4MUxMCjJQcG5ZUDdCK0pIQ1V4OUFzcjFXNlExaWFHbi9nOE5Tc1J6NjcrdnJXaURGV044TGVGY1pNekxRK29ldC9YTFAKMjVVaThicnY5cFFLa1FEd1I3azNIelRsZ1hhdnNKVTZ3OWEvb3NOamNjUjJpak1hMUtZZHUzWlB1WGxmc3J4ZgoyQkVtVm9SUkdzMS9yS1ljUUowQ0F3RUFBYU1qTUNFd0RnWURWUjBQQVFIL0JBUURBZ0trTUE4R0ExVWRFd0VCCi93UUZNQU1CQWY4d0RRWUpLb1pJaHZjTkFRRUxCUUFEZ2dFQkFERjlpY1BtTnRTcTN6eUxSbGtKRVBOQnBsdmMKNWQ2bFdobFdSTWpvSWw3bi83emRRU1FudytiWTZKcldWNHpkVkNJWEdEdHkrOEIrSFZ4UmlsUDMzNkc4citUbwpCek12Tzh0ZWFpQXhkdWdCbjdGeW1zWGxteHNabTg0Wk9NY2xXN2lsWVEyUzJSRUtMOEIyMWRCMXFsRENOakFiClVaMVJKS1dROWtzQTBjM1QrRnRXanNLUmRGYm1SenMvRnlUcmpnVUVxM2FGRUtkMVRoYUNUVVltRFc3NTY0cTEKQVI5MXp6NUFRdVZVYTdCb0FWd3B6aVlvQzQyQWFpQi9oVW5rYXRpdlRmVWUxMm1POVQxWWFKN1J0ZHJKcmxQeApmWmxzbm50SjJGWGpXaGhxRjFwYzJweE9PSU5QZU5YZ1QwWjZSWDRvMGhSTk9CZ2REODJaend5Y0VRMD0KLS0tLS1FTkQgQ0VSVElGSUNBVEUtLS0tLQo="}],"created_at":"2021-06-21 14:07:43.752 +0000 UTC","enabled_cluster_log_types":[],"endpoint":"https://CDF34ACD35FAAD442D31CDD8BB5D36C7.gr7.us-east-1.eks.amazonaws.com","id":"my-cluster","identity":[{"oidc":[{"issuer":"https://oidc.eks.us-east-1.amazonaws.com/id/CDF34ACD35FAAD442D31CDD8BB5D36C7"}]}],"kubernetes_network_config":[{"service_ipv4_cidr":"172.20.0.0/16"}],"name":"my-cluster","platform_version":"eks.8","role_arn":"arn:aws:iam::115553109071:role/my-cluster20210621140714296400000002","status":"ACTIVE","tags":{},"version":"1.16","vpc_config":[{"cluster_security_group_id":"sg-04b73a551b1303653","endpoint_private_access":false,"endpoint_public_access":true,"public_access_cidrs":["0.0.0.0/0"],"security_group_ids":["sg-087cf3957f9627447"],"subnet_ids":["subnet-022685ee8d3663b5c","subnet-087af17d6e6623026"],"vpc_id":"vpc-02b7f3126a5108c32"}]}},{"address":"data.aws_eks_cluster_auth.cluster","mode":"data","type":"aws_eks_cluster_auth","name":"cluster","provider_name":"registry.terraform.io/hashicorp/aws","schema_version":0,"values":{"id":"my-cluster","name":"my-cluster","token":"k8s-aws-v1.aHR0cHM6Ly9zdHMuYW1hem9uYXdzLmNvbS8_QWN0aW9uPUdldENhbGxlcklkZW50aXR5JlZlcnNpb249MjAxMS0wNi0xNSZYLUFtei1BbGdvcml0aG09QVdTNC1ITUFDLVNIQTI1NiZYLUFtei1DcmVkZW50aWFsPUFTSUFSVlo0QVFSSFJBTk82S1BHJTJGMjAyMTA2MjElMkZ1cy1lYXN0LTElMkZzdHMlMkZhd3M0X3JlcXVlc3QmWC1BbXotRGF0ZT0yMDIxMDYyMVQxNDIwNDZaJlgtQW16LUV4cGlyZXM9MCZYLUFtei1TZWN1cml0eS1Ub2tlbj1JUW9KYjNKcFoybHVYMlZqRU8lMkYlMkYlMkYlMkYlMkYlMkYlMkYlMkYlMkYlMkYlMkZ3RWFDWFZ6TFdWaGMzUXRNU0pHTUVRQ0lIazNhT1hvNGFieEZrWnVwZTFMbkVGWEdGb0V3UDVVOUVOYnB1d3FNTmo2QWlCUjRqOTFjQW1ma3loUFVja20wTXpwejdmRGRhcEM0OXh2alVyd1hFcU5leXFiQXdpNCUyRiUyRiUyRiUyRiUyRiUyRiUyRiUyRiUyRiUyRjhCRUFFYURERXhOVFUxTXpFd09UQTNNU0lNRXRsS2FpeHptUWNRdk81M0t1OENBWHAlMkJFS1NsMHNvcmljR0lGOW5hOVViVTZoRmhNa1pJZk1lNHRCYUVGbGdBT2hGVnF3NVpNZFUxcDQ0ZiUyRnJIbXdjWVdoaUNIN0VuJTJGR2VCRnNEWE9KRTM1UUlhUDBnbUxJWXRaZ2djeElPbFU0JTJCUmM0UVcyeHZUMHdQbTY5Ykt3eUhjVTEyNEUlMkIlMkZrb3VESlFZdU9XJTJCWDdrZHolMkJUMXJIaVc5aHhCNnRHWUtwTlVDbGVYMkNEYnpuR0Y1ekFrT1JsNjhnTlA3NUFRNDZoMVVNNGwwYlNIWFclMkY5M25wN3lCeFA2cmJMOW8zVWhXc0tzQ085Wk5QMnRQemtsWkFYSjBDYTBnaDNXOHElMkJzOXc5MnFmbCUyQmJnd0VhdHJKa3QwdWs0SVpXWUI5ZVZiNjN0RGtFVVVvZiUyQnNRWFpLYWloYXJZeEFmb0NpViUyRm4xV1ZHNHlzUWQ0WVVMNFFHaFNIM1MzcCUyRjNpcEdYb0ZZVG1rWnowTUNwZmVvbkJlRFVvVnRQdmlZbEIyUTFXeDhpNnpOcUJWWnFGdmUlMkZDaElsYU9xQjRSOVhzWjhPdlBJQjQ2NmZGR3A4eTF4UGowMklpV00wTSUyQkp4bXlqeGZFNHpMamlHMUxMSmQwR01SdkduUW9aSnowa0xGdXZ1TktlMlREQTY4Q0dCanFuQVhGVkhyTUQ5djNTUnNqb0I2UUEwQmRnWENHTEw3RjdCaEdOUzNZMkVEM1dGUGlWMVdjaFlUS1hXcXZFdmolMkJQTFFGcG03Z1JrdUJ6N2NBRHBQUmlOOWtjclF2c2JYSmZYc0xVMXlXTGZiJTJCREpoSGpsRE12aW5uNVFUQUFBc3c2ZW8xT2MlMkJXSFJnUXZUdnpPTWRTcWhTd0pLU0hHbXQwRUY5a2FXQ2ZnaXF5TGtYa3ZTMFBkaCUyQjNUOWFGSFZrUnBoMlVUZmJvRVJIYnl6T0xGYTg3ZWdPTkR6VTJKQ3pleSZYLUFtei1TaWduZWRIZWFkZXJzPWhvc3QlM0J4LWs4cy1hd3MtaWQmWC1BbXotU2lnbmF0dXJlPTA2ZjYzOTBlNGQ5MWMyMGM5M2Q0YzAxYjE5ZDJiMGEzMDdhMjI2Yzk3OTRkMTFiOGVkNmRiNmMyYzQxYWNhMjA"}}],"child_modules":[{"resources":[{"address":"module.my-cluster.aws_autoscaling_group.workers[0]","mode":"managed","type":"aws_autoscaling_group","name":"workers","index":0,"provider_name":"registry.terraform.io/hashicorp/aws","schema_version":0,"values":{"arn":"arn:aws:autoscaling:us-east-1:115553109071:autoScalingGroup:ea5bd0af-d82b-4872-b555-567be9ca8a49:autoScalingGroupName/my-cluster-02021062114194886310000000f","availability_zones":["us-east-1a","us-east-1b"],"capacity_rebalance":false,"default_cooldown":300,"desired_capacity":1,"enabled_metrics":null,"force_delete":false,"force_delete_warm_pool":false,"health_check_grace_period":300,"health_check_type":"EC2","id":"my-cluster-02021062114194886310000000f","initial_lifecycle_hook":[],"instance_refresh":[],"launch_configuration":"my-cluster-02021062114194059320000000e","launch_template":[],"load_balancers":null,"max_instance_lifetime":0,"max_size":5,"metrics_granularity":"1Minute","min_elb_capacity":null,"min_size":1,"mixed_instances_policy":[],"name":"my-cluster-02021062114194886310000000f","name_prefix":"my-cluster-0","placement_group":"","protect_from_scale_in":false,"service_linked_role_arn":"arn:aws:iam::115553109071:role/aws-service-role/autoscaling.amazonaws.com/AWSServiceRoleForAutoScaling","suspended_processes":["AZRebalance"],"tag":[{"key":"Name","propagate_at_launch":true,"value":"my-cluster-0-eks_asg"},{"key":"k8s.io/cluster/my-cluster","propagate_at_launch":true,"value":"owned"},{"key":"kubernetes.io/cluster/my-cluster","propagate_at_launch":true,"value":"owned"}],"tags":null,"target_group_arns":null,"termination_policies":[],"timeouts":null,"vpc_zone_identifier":["subnet-022685ee8d3663b5c","subnet-087af17d6e6623026"],"wait_for_capacity_timeout":"10m","wait_for_elb_capacity":null,"warm_pool":[]},"depends_on":["module.my-cluster.aws_cloudwatch_log_group.this","module.my-cluster.aws_eks_cluster.this","module.my-cluster.aws_iam_instance_profile.workers","module.my-cluster.aws_iam_role.cluster","module.my-cluster.aws_iam_role.workers","module.my-cluster.aws_iam_role_policy_attachment.cluster_AmazonEKSClusterPolicy","module.my-cluster.aws_iam_role_policy_attachment.cluster_AmazonEKSServicePolicy","module.my-cluster.aws_iam_role_policy_attachment.cluster_AmazonEKSVPCResourceControllerPolicy","module.my-cluster.aws_iam_role_policy_attachment.workers_AmazonEC2ContainerRegistryReadOnly","module.my-cluster.aws_iam_role_policy_attachment.workers_AmazonEKSWorkerNodePolicy","module.my-cluster.aws_iam_role_policy_attachment.workers_AmazonEKS_CNI_Policy","module.my-cluster.aws_iam_role_policy_attachment.workers_additional_policies","module.my-cluster.aws_launch_configuration.workers","module.my-cluster.aws_security_group.cluster","module.my-cluster.aws_security_group.workers","module.my-cluster.aws_security_group_rule.cluster_egress_internet","module.my-cluster.aws_security_group_rule.cluster_https_worker_ingress","module.my-cluster.aws_security_group_rule.cluster_primary_ingress_workers","module.my-cluster.aws_security_group_rule.workers_egress_internet","module.my-cluster.aws_security_group_rule.workers_ingress_cluster","module.my-cluster.aws_security_group_rule.workers_ingress_cluster_https","module.my-cluster.aws_security_group_rule.workers_ingress_cluster_kubelet","module.my-cluster.aws_security_group_rule.workers_ingress_cluster_primary","module.my-cluster.aws_security_group_rule.workers_ingress_self","module.my-cluster.data.aws_ami.eks_worker","module.my-cluster.data.aws_ami.eks_worker_windows","module.my-cluster.data.aws_iam_instance_profile.custom_worker_group_iam_instance_profile","module.my-cluster.data.aws_iam_policy_document.cluster_assume_role_policy","module.my-cluster.data.aws_iam_policy_document.workers_assume_role_policy","module.my-cluster.data.aws_iam_role.custom_cluster_iam_role","module.my-cluster.data.aws_partition.current","module.vpc.aws_subnet.private","module.vpc.aws_vpc.this","module.vpc.aws_vpc_ipv4_cidr_block_association.this"]},{"address":"module.my-cluster.aws_eks_cluster.this[0]","mode":"managed","type":"aws_eks_cluster","name":"this","index":0,"provider_name":"registry.terraform.io/hashicorp/aws","schema_version":0,"values":{"arn":"arn:aws:eks:us-east-1:115553109071:cluster/my-cluster","certificate_authority":[{"data":"LS0tLS1CRUdJTiBDRVJUSUZJQ0FURS0tLS0tCk1JSUN5RENDQWJDZ0F3SUJBZ0lCQURBTkJna3Foa2lHOXcwQkFRc0ZBREFWTVJNd0VRWURWUVFERXdwcmRXSmwKY201bGRHVnpNQjRYRFRJeE1EWXlNVEUwTVRRME9Gb1hEVE14TURZeE9URTBNVFEwT0Zvd0ZURVRNQkVHQTFVRQpBeE1LYTNWaVpYSnVaWFJsY3pDQ0FTSXdEUVlKS29aSWh2Y05BUUVCQlFBRGdnRVBBRENDQVFvQ2dnRUJBTzhMCnc4OUNQNTRSMlNZVmxVb0E2NWRCN0c2MUViTlM4YVI2dEVMSGhhTXU3UEhhelVZRHl5Q3N4c2hyNEl0ckpnb3oKRGtIZ0dpQnJhSDRJMlViNkthbURNYUNwQ3kvRzdrQ1ZoQ3JhekJibEduaUNUeEVqallZMUhTK1gwWnk1NVpBRgpaRWFmQjFmNjdpRWZ1MlhTTFducjNySGY3amVpVUpZaE11WlB3NkxWZnBBZzdqcWJXQks3MTRNdlkyN3M4MUxMCjJQcG5ZUDdCK0pIQ1V4OUFzcjFXNlExaWFHbi9nOE5Tc1J6NjcrdnJXaURGV044TGVGY1pNekxRK29ldC9YTFAKMjVVaThicnY5cFFLa1FEd1I3azNIelRsZ1hhdnNKVTZ3OWEvb3NOamNjUjJpak1hMUtZZHUzWlB1WGxmc3J4ZgoyQkVtVm9SUkdzMS9yS1ljUUowQ0F3RUFBYU1qTUNFd0RnWURWUjBQQVFIL0JBUURBZ0trTUE4R0ExVWRFd0VCCi93UUZNQU1CQWY4d0RRWUpLb1pJaHZjTkFRRUxCUUFEZ2dFQkFERjlpY1BtTnRTcTN6eUxSbGtKRVBOQnBsdmMKNWQ2bFdobFdSTWpvSWw3bi83emRRU1FudytiWTZKcldWNHpkVkNJWEdEdHkrOEIrSFZ4UmlsUDMzNkc4citUbwpCek12Tzh0ZWFpQXhkdWdCbjdGeW1zWGxteHNabTg0Wk9NY2xXN2lsWVEyUzJSRUtMOEIyMWRCMXFsRENOakFiClVaMVJKS1dROWtzQTBjM1QrRnRXanNLUmRGYm1SenMvRnlUcmpnVUVxM2FGRUtkMVRoYUNUVVltRFc3NTY0cTEKQVI5MXp6NUFRdVZVYTdCb0FWd3B6aVlvQzQyQWFpQi9oVW5rYXRpdlRmVWUxMm1POVQxWWFKN1J0ZHJKcmxQeApmWmxzbm50SjJGWGpXaGhxRjFwYzJweE9PSU5QZU5YZ1QwWjZSWDRvMGhSTk9CZ2REODJaend5Y0VRMD0KLS0tLS1FTkQgQ0VSVElGSUNBVEUtLS0tLQo="}],"created_at":"2021-06-21 14:07:43.752 +0000 UTC","enabled_cluster_log_types":null,"encryption_config":[],"endpoint":"https://CDF34ACD35FAAD442D31CDD8BB5D36C7.gr7.us-east-1.eks.amazonaws.com","id":"my-cluster","identity":[{"oidc":[{"issuer":"https://oidc.eks.us-east-1.amazonaws.com/id/CDF34ACD35FAAD442D31CDD8BB5D36C7"}]}],"kubernetes_network_config":[{"service_ipv4_cidr":"172.20.0.0/16"}],"name":"my-cluster","platform_version":"eks.8","role_arn":"arn:aws:iam::115553109071:role/my-cluster20210621140714296400000002","status":"ACTIVE","tags":null,"tags_all":{},"timeouts":{"create":"30m","delete":"15m","update":null},"version":"1.16","vpc_config":[{"cluster_security_group_id":"sg-04b73a551b1303653","endpoint_private_access":false,"endpoint_public_access":true,"public_access_cidrs":["0.0.0.0/0"],"security_group_ids":["sg-087cf3957f9627447"],"subnet_ids":["subnet-022685ee8d3663b5c","subnet-087af17d6e6623026"],"vpc_id":"vpc-02b7f3126a5108c32"}]},"depends_on":["module.my-cluster.aws_cloudwatch_log_group.this","module.my-cluster.aws_iam_role.cluster","module.my-cluster.aws_iam_role_policy_attachment.cluster_AmazonEKSClusterPolicy","module.my-cluster.aws_iam_role_policy_attachment.cluster_AmazonEKSServicePolicy","module.my-cluster.aws_iam_role_policy_attachment.cluster_AmazonEKSVPCResourceControllerPolicy","module.my-cluster.aws_security_group.cluster","module.my-cluster.aws_security_group.workers","module.my-cluster.aws_security_group_rule.cluster_egress_internet","module.my-cluster.aws_security_group_rule.cluster_https_worker_ingress","module.my-cluster.data.aws_iam_policy_document.cluster_assume_role_policy","module.my-cluster.data.aws_iam_role.custom_cluster_iam_role","module.my-cluster.data.aws_partition.current","module.vpc.aws_subnet.private","module.vpc.aws_vpc.this","module.vpc.aws_vpc_ipv4_cidr_block_association.this"]},{"address":"module.my-cluster.aws_iam_instance_profile.workers[0]","mode":"managed","type":"aws_iam_instance_profile","name":"workers","index":0,"provider_name":"registry.terraform.io/hashicorp/aws","schema_version":0,"values":{"arn":"arn:aws:iam::115553109071:instance-profile/my-cluster2021062114193820670000000a","create_date":"2021-06-21T14:19:39Z","id":"my-cluster2021062114193820670000000a","name":"my-cluster2021062114193820670000000a","name_prefix":"my-cluster","path":"/","role":"my-cluster20210621141930025400000009","tags":null,"tags_all":{},"unique_id":"AIPARVZ4AQRHYJEEQCNMT"},"depends_on":["module.my-cluster.aws_cloudwatch_log_group.this","module.my-cluster.aws_eks_cluster.this","module.my-cluster.aws_iam_role.cluster","module.my-cluster.aws_iam_role.workers","module.my-cluster.aws_iam_role_policy_attachment.cluster_AmazonEKSClusterPolicy","module.my-cluster.aws_iam_role_policy_attachment.cluster_AmazonEKSServicePolicy","module.my-cluster.aws_iam_role_policy_attachment.cluster_AmazonEKSVPCResourceControllerPolicy","module.my-cluster.aws_security_group.cluster","module.my-cluster.aws_security_group.workers","module.my-cluster.aws_security_group_rule.cluster_egress_internet","module.my-cluster.aws_security_group_rule.cluster_https_worker_ingress","module.my-cluster.data.aws_iam_policy_document.cluster_assume_role_policy","module.my-cluster.data.aws_iam_policy_document.workers_assume_role_policy","module.my-cluster.data.aws_iam_role.custom_cluster_iam_role","module.my-cluster.data.aws_partition.current","module.vpc.aws_subnet.private","module.vpc.aws_vpc.this","module.vpc.aws_vpc_ipv4_cidr_block_association.this"]},{"address":"module.my-cluster.aws_iam_policy.cluster_elb_sl_role_creation[0]","mode":"managed","type":"aws_iam_policy","name":"cluster_elb_sl_role_creation","index":0,"provider_name":"registry.terraform.io/hashicorp/aws","schema_version":0,"values":{"arn":"arn:aws:iam::115553109071:policy/my-cluster-elb-sl-role-creation20210621140714294500000001","description":"Permissions for EKS to create AWSServiceRoleForElasticLoadBalancing service-linked role","id":"arn:aws:iam::115553109071:policy/my-cluster-elb-sl-role-creation20210621140714294500000001","name":"my-cluster-elb-sl-role-creation20210621140714294500000001","name_prefix":"my-cluster-elb-sl-role-creation","path":"/","policy":"{\n  \"Version\": \"2012-10-17\",\n  \"Statement\": [\n    {\n      \"Sid\": \"\",\n      \"Effect\": \"Allow\",\n      \"Action\": [\n        \"ec2:DescribeInternetGateways\",\n        \"ec2:DescribeAddresses\",\n        \"ec2:DescribeAccountAttributes\"\n      ],\n      \"Resource\": \"*\"\n    }\n  ]\n}","policy_id":"ANPARVZ4AQRHQF66YGKUB","tags":null,"tags_all":{}},"depends_on":["module.my-cluster.data.aws_iam_policy_document.cluster_elb_sl_role_creation"]},{"address":"module.my-cluster.aws_iam_role.cluster[0]","mode":"managed","type":"aws_iam_role","name":"cluster","index":0,"provider_name":"registry.terraform.io/hashicorp/aws","schema_version":0,"values":{"arn":"arn:aws:iam::115553109071:role/my-cluster20210621140714296400000002","assume_role_policy":"{\"Version\":\"2012-10-17\",\"Statement\":[{\"Sid\":\"EKSClusterAssumeRole\",\"Effect\":\"Allow\",\"Principal\":{\"Service\":\"eks.amazonaws.com\"},\"Action\":\"sts:AssumeRole\"}]}","create_date":"2021-06-21T14:07:15Z","description":"","force_detach_policies":true,"id":"my-cluster20210621140714296400000002","inline_policy":[{"name":"","policy":""}],"managed_policy_arns":[],"max_session_duration":3600,"name":"my-cluster20210621140714296400000002","name_prefix":"my-cluster","path":"/","permissions_boundary":null,"tags":null,"tags_all":{},"unique_id":"AROARVZ4AQRH4SOUTCBXZ"},"depends_on":["module.my-cluster.data.aws_iam_policy_document.cluster_assume_role_policy"]},{"address":"module.my-cluster.aws_iam_role.workers[0]","mode":"managed","type":"aws_iam_role","name":"workers","index":0,"provider_name":"registry.terraform.io/hashicorp/aws","schema_version":0,"values":{"arn":"arn:aws:iam::115553109071:role/my-cluster20210621141930025400000009","assume_role_policy":"{\"Version\":\"2012-10-17\",\"Statement\":[{\"Sid\":\"EKSWorkerAssumeRole\",\"Effect\":\"Allow\",\"Principal\":{\"Service\":\"ec2.amazonaws.com\"},\"Action\":\"sts:AssumeRole\"}]}","create_date":"2021-06-21T14:19:30Z","description":"","force_detach_policies":true,"id":"my-cluster20210621141930025400000009","inline_policy":[{"name":"","policy":""}],"managed_policy_arns":[],"max_session_duration":3600,"name":"my-cluster20210621141930025400000009","name_prefix":"my-cluster","path":"/","permissions_boundary":null,"tags":null,"tags_all":{},"unique_id":"AROARVZ4AQRH55UY23S5N"},"depends_on":["module.my-cluster.aws_cloudwatch_log_group.this","module.my-cluster.aws_eks_cluster.this","module.my-cluster.aws_iam_role.cluster","module.my-cluster.aws_iam_role_policy_attachment.cluster_AmazonEKSClusterPolicy","module.my-cluster.aws_iam_role_policy_attachment.cluster_AmazonEKSServicePolicy","module.my-cluster.aws_iam_role_policy_attachment.cluster_AmazonEKSVPCResourceControllerPolicy","module.my-cluster.aws_security_group.cluster","module.my-cluster.aws_security_group.workers","module.my-cluster.aws_security_group_rule.cluster_egress_internet","module.my-cluster.aws_security_group_rule.cluster_https_worker_ingress","module.my-cluster.data.aws_iam_policy_document.cluster_assume_role_policy","module.my-cluster.data.aws_iam_policy_document.workers_assume_role_policy","module.my-cluster.data.aws_iam_role.custom_cluster_iam_role","module.my-cluster.data.aws_partition.current","module.vpc.aws_subnet.private","module.vpc.aws_vpc.this","module.vpc.aws_vpc_ipv4_cidr_block_association.this"]},{"address":"module.my-cluster.aws_iam_role_policy_attachment.cluster_AmazonEKSClusterPolicy[0]","mode":"managed","type":"aws_iam_role_policy_attachment","name":"cluster_AmazonEKSClusterPolicy","index":0,"provider_name":"registry.terraform.io/hashicorp/aws","schema_version":0,"values":{"id":"my-cluster20210621140714296400000002-20210621140723654900000006","policy_arn":"arn:aws:iam::aws:policy/AmazonEKSClusterPolicy","role":"my-cluster20210621140714296400000002"},"depends_on":["module.my-cluster.aws_iam_role.cluster","module.my-cluster.data.aws_iam_policy_document.cluster_assume_role_policy","module.my-cluster.data.aws_partition.current"]},{"address":"module.my-cluster.aws_iam_role_policy_attachment.cluster_AmazonEKSServicePolicy[0]","mode":"managed","type":"aws_iam_role_policy_attachment","name":"cluster_AmazonEKSServicePolicy","index":0,"provider_name":"registry.terraform.io/hashicorp/aws","schema_version":0,"values":{"id":"my-cluster20210621140714296400000002-20210621140723253700000005","policy_arn":"arn:aws:iam::aws:policy/AmazonEKSServicePolicy","role":"my-cluster20210621140714296400000002"},"depends_on":["module.my-cluster.aws_iam_role.cluster","module.my-cluster.data.aws_iam_policy_document.cluster_assume_role_policy","module.my-cluster.data.aws_partition.current"]},{"address":"module.my-cluster.aws_iam_role_policy_attachment.cluster_AmazonEKSVPCResourceControllerPolicy[0]","mode":"managed","type":"aws_iam_role_policy_attachment","name":"cluster_AmazonEKSVPCResourceControllerPolicy","index":0,"provider_name":"registry.terraform.io/hashicorp/aws","schema_version":0,"values":{"id":"my-cluster20210621140714296400000002-20210621140723247500000004","policy_arn":"arn:aws:iam::aws:policy/AmazonEKSVPCResourceController","role":"my-cluster20210621140714296400000002"},"depends_on":["module.my-cluster.aws_iam_role.cluster","module.my-cluster.data.aws_iam_policy_document.cluster_assume_role_policy","module.my-cluster.data.aws_partition.current"]},{"address":"module.my-cluster.aws_iam_role_policy_attachment.cluster_elb_sl_role_creation[0]","mode":"managed","type":"aws_iam_role_policy_attachment","name":"cluster_elb_sl_role_creation","index":0,"provider_name":"registry.terraform.io/hashicorp/aws","schema_version":0,"values":{"id":"my-cluster20210621140714296400000002-20210621140723245600000003","policy_arn":"arn:aws:iam::115553109071:policy/my-cluster-elb-sl-role-creation20210621140714294500000001","role":"my-cluster20210621140714296400000002"},"depends_on":["module.my-cluster.aws_iam_policy.cluster_elb_sl_role_creation","module.my-cluster.aws_iam_role.cluster","module.my-cluster.data.aws_iam_policy_document.cluster_assume_role_policy","module.my-cluster.data.aws_iam_policy_document.cluster_elb_sl_role_creation"]},{"address":"module.my-cluster.aws_iam_role_policy_attachment.workers_AmazonEC2ContainerRegistryReadOnly[0]","mode":"managed","type":"aws_iam_role_policy_attachment","name":"workers_AmazonEC2ContainerRegistryReadOnly","index":0,"provider_name":"registry.terraform.io/hashicorp/aws","schema_version":0,"values":{"id":"my-cluster20210621141930025400000009-2021062114193899080000000b","policy_arn":"arn:aws:iam::aws:policy/AmazonEC2ContainerRegistryReadOnly","role":"my-cluster20210621141930025400000009"},"depends_on":["module.my-cluster.aws_cloudwatch_log_group.this","module.my-cluster.aws_eks_cluster.this","module.my-cluster.aws_iam_role.cluster","module.my-cluster.aws_iam_role.workers","module.my-cluster.aws_iam_role_policy_attachment.cluster_AmazonEKSClusterPolicy","module.my-cluster.aws_iam_role_policy_attachment.cluster_AmazonEKSServicePolicy","module.my-cluster.aws_iam_role_policy_attachment.cluster_AmazonEKSVPCResourceControllerPolicy","module.my-cluster.aws_security_group.cluster","module.my-cluster.aws_security_group.workers","module.my-cluster.aws_security_group_rule.cluster_egress_internet","module.my-cluster.aws_security_group_rule.cluster_https_worker_ingress","module.my-cluster.data.aws_iam_policy_document.cluster_assume_role_policy","module.my-cluster.data.aws_iam_policy_document.workers_assume_role_policy","module.my-cluster.data.aws_iam_role.custom_cluster_iam_role","module.my-cluster.data.aws_partition.current","module.vpc.aws_subnet.private","module.vpc.aws_vpc.this","module.vpc.aws_vpc_ipv4_cidr_block_association.this"]},{"address":"module.my-cluster.aws_iam_role_policy_attachment.workers_AmazonEKSWorkerNodePolicy[0]","mode":"managed","type":"aws_iam_role_policy_attachment","name":"workers_AmazonEKSWorkerNodePolicy","index":0,"provider_name":"registry.terraform.io/hashicorp/aws","schema_version":0,"values":{"id":"my-cluster20210621141930025400000009-2021062114193900550000000c","policy_arn":"arn:aws:iam::aws:policy/AmazonEKSWorkerNodePolicy","role":"my-cluster20210621141930025400000009"},"depends_on":["module.my-cluster.aws_cloudwatch_log_group.this","module.my-cluster.aws_eks_cluster.this","module.my-cluster.aws_iam_role.cluster","module.my-cluster.aws_iam_role.workers","module.my-cluster.aws_iam_role_policy_attachment.cluster_AmazonEKSClusterPolicy","module.my-cluster.aws_iam_role_policy_attachment.cluster_AmazonEKSServicePolicy","module.my-cluster.aws_iam_role_policy_attachment.cluster_AmazonEKSVPCResourceControllerPolicy","module.my-cluster.aws_security_group.cluster","module.my-cluster.aws_security_group.workers","module.my-cluster.aws_security_group_rule.cluster_egress_internet","module.my-cluster.aws_security_group_rule.cluster_https_worker_ingress","module.my-cluster.data.aws_iam_policy_document.cluster_assume_role_policy","module.my-cluster.data.aws_iam_policy_document.workers_assume_role_policy","module.my-cluster.data.aws_iam_role.custom_cluster_iam_role","module.my-cluster.data.aws_partition.current","module.vpc.aws_subnet.private","module.vpc.aws_vpc.this","module.vpc.aws_vpc_ipv4_cidr_block_association.this"]},{"address":"module.my-cluster.aws_iam_role_policy_attachment.workers_AmazonEKS_CNI_Policy[0]","mode":"managed","type":"aws_iam_role_policy_attachment","name":"workers_AmazonEKS_CNI_Policy","index":0,"provider_name":"registry.terraform.io/hashicorp/aws","schema_version":0,"values":{"id":"my-cluster20210621141930025400000009-2021062114193901770000000d","policy_arn":"arn:aws:iam::aws:policy/AmazonEKS_CNI_Policy","role":"my-cluster20210621141930025400000009"},"depends_on":["module.my-cluster.aws_cloudwatch_log_group.this","module.my-cluster.aws_eks_cluster.this","module.my-cluster.aws_iam_role.cluster","module.my-cluster.aws_iam_role.workers","module.my-cluster.aws_iam_role_policy_attachment.cluster_AmazonEKSClusterPolicy","module.my-cluster.aws_iam_role_policy_attachment.cluster_AmazonEKSServicePolicy","module.my-cluster.aws_iam_role_policy_attachment.cluster_AmazonEKSVPCResourceControllerPolicy","module.my-cluster.aws_security_group.cluster","module.my-cluster.aws_security_group.workers","module.my-cluster.aws_security_group_rule.cluster_egress_internet","module.my-cluster.aws_security_group_rule.cluster_https_worker_ingress","module.my-cluster.data.aws_iam_policy_document.cluster_assume_role_policy","module.my-cluster.data.aws_iam_policy_document.workers_assume_role_policy","module.my-cluster.data.aws_iam_role.custom_cluster_iam_role","module.my-cluster.data.aws_partition.current","module.vpc.aws_subnet.private","module.vpc.aws_vpc.this","module.vpc.aws_vpc_ipv4_cidr_block_association.this"]},{"address":"module.my-cluster.aws_launch_configuration.workers[0]","mode":"managed","type":"aws_launch_configuration","name":"workers","index":0,"provider_name":"registry.terraform.io/hashicorp/aws","schema_version":0,"values":{"arn":"arn:aws:autoscaling:us-east-1:115553109071:launchConfiguration:b6d7b219-2476-4fa6-9c46-b10c9174289c:launchConfigurationName/my-cluster-02021062114194059320000000e","associate_public_ip_address":false,"ebs_block_device":[],"ebs_optimized":true,"enable_monitoring":true,"ephemeral_block_device":[],"iam_instance_profile":"my-cluster2021062114193820670000000a","id":"my-cluster-02021062114194059320000000e","image_id":"ami-0cfde6d4e50a9037b","instance_type":"m4.large","key_name":"","metadata_options":[{"http_endpoint":"enabled","http_put_response_hop_limit":1,"http_tokens":"optional"}],"name":"my-cluster-02021062114194059320000000e","name_prefix":"my-cluster-0","placement_tenancy":"","root_block_device":[{"delete_on_termination":true,"encrypted":false,"iops":0,"throughput":0,"volume_size":100,"volume_type":"gp2"}],"security_groups":["sg-076113f4dbf56b7ed"],"spot_price":"","user_data":null,"user_data_base64":"IyEvYmluL2Jhc2ggLWUKCiMgQWxsb3cgdXNlciBzdXBwbGllZCBwcmUgdXNlcmRhdGEgY29kZQoKCiMgQm9vdHN0cmFwIGFuZCBqb2luIHRoZSBjbHVzdGVyCi9ldGMvZWtzL2Jvb3RzdHJhcC5zaCAtLWI2NC1jbHVzdGVyLWNhICdMUzB0TFMxQ1JVZEpUaUJEUlZKVVNVWkpRMEZVUlMwdExTMHRDazFKU1VONVJFTkRRV0pEWjBGM1NVSkJaMGxDUVVSQlRrSm5hM0ZvYTJsSE9YY3dRa0ZSYzBaQlJFRldUVkpOZDBWUldVUldVVkZFUlhkd2NtUlhTbXdLWTIwMWJHUkhWbnBOUWpSWVJGUkplRTFFV1hsTlZFVXdUVlJSTUU5R2IxaEVWRTE0VFVSWmVFOVVSVEJOVkZFd1QwWnZkMFpVUlZSTlFrVkhRVEZWUlFwQmVFMUxZVE5XYVZwWVNuVmFXRkpzWTNwRFEwRlRTWGRFVVZsS1MyOWFTV2gyWTA1QlVVVkNRbEZCUkdkblJWQkJSRU5EUVZGdlEyZG5SVUpCVHpoTUNuYzRPVU5RTlRSU01sTlpWbXhWYjBFMk5XUkNOMGMyTVVWaVRsTTRZVkkyZEVWTVNHaGhUWFUzVUVoaGVsVlpSSGw1UTNONGMyaHlORWwwY2twbmIzb0tSR3RJWjBkcFFuSmhTRFJKTWxWaU5rdGhiVVJOWVVOd1Eza3ZSemRyUTFab1EzSmhla0ppYkVkdWFVTlVlRVZxYWxsWk1VaFRLMWd3V25rMU5WcEJSZ3BhUldGbVFqRm1OamRwUldaMU1saFRURmR1Y2pOeVNHWTNhbVZwVlVwWmFFMTFXbEIzTmt4V1puQkJaemRxY1dKWFFrczNNVFJOZGxreU4zTTRNVXhNQ2pKUWNHNVpVRGRDSzBwSVExVjRPVUZ6Y2pGWE5sRXhhV0ZIYmk5bk9FNVRjMUo2TmpjcmRuSlhhVVJHVjA0NFRHVkdZMXBOZWt4UksyOWxkQzlZVEZBS01qVlZhVGhpY25ZNWNGRkxhMUZFZDFJM2F6TkllbFJzWjFoaGRuTktWVFozT1dFdmIzTk9hbU5qVWpKcGFrMWhNVXRaWkhVeldsQjFXR3htYzNKNFpnb3lRa1Z0Vm05U1VrZHpNUzl5UzFsalVVb3dRMEYzUlVGQllVMXFUVU5GZDBSbldVUldVakJRUVZGSUwwSkJVVVJCWjB0clRVRTRSMEV4VldSRmQwVkNDaTkzVVVaTlFVMUNRV1k0ZDBSUldVcExiMXBKYUhaalRrRlJSVXhDVVVGRVoyZEZRa0ZFUmpscFkxQnRUblJUY1RONmVVeFNiR3RLUlZCT1FuQnNkbU1LTldRMmJGZG9iRmRTVFdwdlNXdzNiaTgzZW1SUlUxRnVkeXRpV1RaS2NsZFdOSHBrVmtOSldFZEVkSGtyT0VJclNGWjRVbWxzVURNek5rYzRjaXRVYndwQ2VrMTJUemgwWldGcFFYaGtkV2RDYmpkR2VXMXpXR3h0ZUhOYWJUZzBXazlOWTJ4WE4ybHNXVkV5VXpKU1JVdE1PRUl5TVdSQ01YRnNSRU5PYWtGaUNsVmFNVkpLUzFkUk9XdHpRVEJqTTFRclJuUlhhbk5MVW1SR1ltMVNlbk12Um5sVWNtcG5WVVZ4TTJGR1JVdGtNVlJvWVVOVVZWbHRSRmMzTlRZMGNURUtRVkk1TVhwNk5VRlJkVlpWWVRkQ2IwRldkM0I2YVZsdlF6UXlRV0ZwUWk5b1ZXNXJZWFJwZGxSbVZXVXhNbTFQT1ZReFdXRktOMUowWkhKS2NteFFlQXBtV214emJtNTBTakpHV0dwWGFHaHhSakZ3WXpKd2VFOVBTVTVRWlU1WVoxUXdXalpTV0RSdk1HaFNUazlDWjJSRU9ESmFlbmQ1WTBWUk1EMEtMUzB0TFMxRlRrUWdRMFZTVkVsR1NVTkJWRVV0TFMwdExRbz0nIC0tYXBpc2VydmVyLWVuZHBvaW50ICdodHRwczovL0NERjM0QUNEMzVGQUFENDQyRDMxQ0REOEJCNUQzNkM3LmdyNy51cy1lYXN0LTEuZWtzLmFtYXpvbmF3cy5jb20nICAtLWt1YmVsZXQtZXh0cmEtYXJncyAiIiAnbXktY2x1c3RlcicKCiMgQWxsb3cgdXNlciBzdXBwbGllZCB1c2VyZGF0YSBjb2RlCgo=","vpc_classic_link_id":"","vpc_classic_link_security_groups":null},"depends_on":["module.my-cluster.aws_cloudwatch_log_group.this","module.my-cluster.aws_eks_cluster.this","module.my-cluster.aws_iam_instance_profile.workers","module.my-cluster.aws_iam_role.cluster","module.my-cluster.aws_iam_role.workers","module.my-cluster.aws_iam_role_policy_attachment.cluster_AmazonEKSClusterPolicy","module.my-cluster.aws_iam_role_policy_attachment.cluster_AmazonEKSServicePolicy","module.my-cluster.aws_iam_role_policy_attachment.cluster_AmazonEKSVPCResourceControllerPolicy","module.my-cluster.aws_iam_role_policy_attachment.workers_AmazonEC2ContainerRegistryReadOnly","module.my-cluster.aws_iam_role_policy_attachment.workers_AmazonEKSWorkerNodePolicy","module.my-cluster.aws_iam_role_policy_attachment.workers_AmazonEKS_CNI_Policy","module.my-cluster.aws_iam_role_policy_attachment.workers_additional_policies","module.my-cluster.aws_security_group.cluster","module.my-cluster.aws_security_group.workers","module.my-cluster.aws_security_group_rule.cluster_egress_internet","module.my-cluster.aws_security_group_rule.cluster_https_worker_ingress","module.my-cluster.aws_security_group_rule.cluster_primary_ingress_workers","module.my-cluster.aws_security_group_rule.workers_egress_internet","module.my-cluster.aws_security_group_rule.workers_ingress_cluster","module.my-cluster.aws_security_group_rule.workers_ingress_cluster_https","module.my-cluster.aws_security_group_rule.workers_ingress_cluster_kubelet","module.my-cluster.aws_security_group_rule.workers_ingress_cluster_primary","module.my-cluster.aws_security_group_rule.workers_ingress_self","module.my-cluster.data.aws_ami.eks_worker","module.my-cluster.data.aws_ami.eks_worker_windows","module.my-cluster.data.aws_iam_instance_profile.custom_worker_group_iam_instance_profile","module.my-cluster.data.aws_iam_policy_document.cluster_assume_role_policy","module.my-cluster.data.aws_iam_policy_document.workers_assume_role_policy","module.my-cluster.data.aws_iam_role.custom_cluster_iam_role","module.my-cluster.data.aws_partition.current","module.vpc.aws_subnet.private","module.vpc.aws_vpc.this","module.vpc.aws_vpc_ipv4_cidr_block_association.this"]},{"address":"module.my-cluster.aws_security_group.cluster[0]","mode":"managed","type":"aws_security_group","name":"cluster","index":0,"provider_name":"registry.terraform.io/hashicorp/aws","schema_version":1,"values":{"arn":"arn:aws:ec2:us-east-1:115553109071:security-group/sg-087cf3957f9627447","description":"EKS cluster security group.","egress":[],"id":"sg-087cf3957f9627447","ingress":[],"name":"my-cluster20210621140726201300000007","name_prefix":"my-cluster","owner_id":"115553109071","revoke_rules_on_delete":false,"tags":{"Name":"my-cluster-eks_cluster_sg"},"tags_all":{"Name":"my-cluster-eks_cluster_sg"},"timeouts":null,"vpc_id":"vpc-02b7f3126a5108c32"},"depends_on":["module.vpc.aws_vpc.this"]},{"address":"module.my-cluster.aws_security_group.workers[0]","mode":"managed","type":"aws_security_group","name":"workers","index":0,"provider_name":"registry.terraform.io/hashicorp/aws","schema_version":1,"values":{"arn":"arn:aws:ec2:us-east-1:115553109071:security-group/sg-076113f4dbf56b7ed","description":"Security group for all nodes in the cluster.","egress":[],"id":"sg-076113f4dbf56b7ed","ingress":[],"name":"my-cluster20210621140726201600000008","name_prefix":"my-cluster","owner_id":"115553109071","revoke_rules_on_delete":false,"tags":{"Name":"my-cluster-eks_worker_sg","kubernetes.io/cluster/my-cluster":"owned"},"tags_all":{"Name":"my-cluster-eks_worker_sg","kubernetes.io/cluster/my-cluster":"owned"},"timeouts":null,"vpc_id":"vpc-02b7f3126a5108c32"},"depends_on":["module.vpc.aws_vpc.this"]},{"address":"module.my-cluster.aws_security_group_rule.cluster_egress_internet[0]","mode":"managed","type":"aws_security_group_rule","name":"cluster_egress_internet","index":0,"provider_name":"registry.terraform.io/hashicorp/aws","schema_version":2,"values":{"cidr_blocks":["0.0.0.0/0"],"description":"Allow cluster egress access to the Internet.","from_port":0,"id":"sgrule-1798443457","ipv6_cidr_blocks":null,"prefix_list_ids":null,"protocol":"-1","security_group_id":"sg-087cf3957f9627447","self":false,"source_security_group_id":null,"to_port":0,"type":"egress"},"depends_on":["module.my-cluster.aws_security_group.cluster","module.vpc.aws_vpc.this"]},{"address":"module.my-cluster.aws_security_group_rule.cluster_https_worker_ingress[0]","mode":"managed","type":"aws_security_group_rule","name":"cluster_https_worker_ingress","index":0,"provider_name":"registry.terraform.io/hashicorp/aws","schema_version":2,"values":{"cidr_blocks":null,"description":"Allow pods to communicate with the EKS cluster API.","from_port":443,"id":"sgrule-1835664954","ipv6_cidr_blocks":null,"prefix_list_ids":null,"protocol":"tcp","security_group_id":"sg-087cf3957f9627447","self":false,"source_security_group_id":"sg-076113f4dbf56b7ed","to_port":443,"type":"ingress"},"depends_on":["module.my-cluster.aws_security_group.cluster","module.my-cluster.aws_security_group.workers","module.vpc.aws_vpc.this"]},{"address":"module.my-cluster.aws_security_group_rule.workers_egress_internet[0]","mode":"managed","type":"aws_security_group_rule","name":"workers_egress_internet","index":0,"provider_name":"registry.terraform.io/hashicorp/aws","schema_version":2,"values":{"cidr_blocks":["0.0.0.0/0"],"description":"Allow nodes all egress to the Internet.","from_port":0,"id":"sgrule-893283682","ipv6_cidr_blocks":null,"prefix_list_ids":null,"protocol":"-1","security_group_id":"sg-076113f4dbf56b7ed","self":false,"source_security_group_id":null,"to_port":0,"type":"egress"},"depends_on":["module.my-cluster.aws_security_group.workers","module.vpc.aws_vpc.this"]},{"address":"module.my-cluster.aws_security_group_rule.workers_ingress_cluster[0]","mode":"managed","type":"aws_security_group_rule","name":"workers_ingress_cluster","index":0,"provider_name":"registry.terraform.io/hashicorp/aws","schema_version":2,"values":{"cidr_blocks":null,"description":"Allow workers pods to receive communication from the cluster control plane.","from_port":1025,"id":"sgrule-3195936393","ipv6_cidr_blocks":null,"prefix_list_ids":null,"protocol":"tcp","security_group_id":"sg-076113f4dbf56b7ed","self":false,"source_security_group_id":"sg-087cf3957f9627447","to_port":65535,"type":"ingress"},"depends_on":["module.my-cluster.aws_security_group.cluster","module.my-cluster.aws_security_group.workers","module.vpc.aws_vpc.this"]},{"address":"module.my-cluster.aws_security_group_rule.workers_ingress_cluster_https[0]","mode":"managed","type":"aws_security_group_rule","name":"workers_ingress_cluster_https","index":0,"provider_name":"registry.terraform.io/hashicorp/aws","schema_version":2,"values":{"cidr_blocks":null,"description":"Allow pods running extension API servers on port 443 to receive communication from cluster control plane.","from_port":443,"id":"sgrule-846502332","ipv6_cidr_blocks":null,"prefix_list_ids":null,"protocol":"tcp","security_group_id":"sg-076113f4dbf56b7ed","self":false,"source_security_group_id":"sg-087cf3957f9627447","to_port":443,"type":"ingress"},"depends_on":["module.my-cluster.aws_security_group.cluster","module.my-cluster.aws_security_group.workers","module.vpc.aws_vpc.this"]},{"address":"module.my-cluster.aws_security_group_rule.workers_ingress_self[0]","mode":"managed","type":"aws_security_group_rule","name":"workers_ingress_self","index":0,"provider_name":"registry.terraform.io/hashicorp/aws","schema_version":2,"values":{"cidr_blocks":null,"description":"Allow node to communicate with each other.","from_port":0,"id":"sgrule-491336861","ipv6_cidr_blocks":null,"prefix_list_ids":null,"protocol":"-1","security_group_id":"sg-076113f4dbf56b7ed","self":false,"source_security_group_id":"sg-076113f4dbf56b7ed","to_port":65535,"type":"ingress"},"depends_on":["module.my-cluster.aws_security_group.workers","module.vpc.aws_vpc.this"]},{"address":"module.my-cluster.data.aws_ami.eks_worker[0]","mode":"data","type":"aws_ami","name":"eks_worker","index":0,"provider_name":"registry.terraform.io/hashicorp/aws","schema_version":0,"values":{"architecture":"x86_64","arn":"arn:aws:ec2:us-east-1::image/ami-0cfde6d4e50a9037b","block_device_mappings":[{"device_name":"/dev/xvda","ebs":{"delete_on_termination":"true","encrypted":"false","iops":"0","snapshot_id":"snap-073b9e48f7fcfbbcd","throughput":"0","volume_size":"20","volume_type":"gp2"},"no_device":"","virtual_name":""}],"creation_date":"2021-05-26T22:51:23.000Z","description":"EKS Kubernetes Worker AMI with AmazonLinux2 image, (k8s: 1.16.15, docker: 19.03.13ce-1.amzn2, containerd: 1.4.1-2.amzn2)","ena_support":true,"executable_users":null,"filter":[{"name":"name","values":["amazon-eks-node-1.16-v*"]}],"hypervisor":"xen","id":"ami-0cfde6d4e50a9037b","image_id":"ami-0cfde6d4e50a9037b","image_location":"amazon/amazon-eks-node-1.16-v20210526","image_owner_alias":"amazon","image_type":"machine","kernel_id":null,"most_recent":true,"name":"amazon-eks-node-1.16-v20210526","name_regex":null,"owner_id":"602401143452","owners":["amazon"],"platform":null,"platform_details":"Linux/UNIX","product_codes":[],"public":true,"ramdisk_id":null,"root_device_name":"/dev/xvda","root_device_type":"ebs","root_snapshot_id":"snap-073b9e48f7fcfbbcd","sriov_net_support":"simple","state":"available","state_reason":{"code":"UNSET","message":"UNSET"},"tags":{},"usage_operation":"RunInstances","virtualization_type":"hvm"}},{"address":"module.my-cluster.data.aws_caller_identity.current","mode":"data","type":"aws_caller_identity","name":"current","provider_name":"registry.terraform.io/hashicorp/aws","schema_version":0,"values":{"account_id":"115553109071","arn":"arn:aws:sts::115553109071:assumed-role/AWSReservedSSO_admin_in_develop_fb314e4593b59bf2/imanuel.m@indeni.com","id":"115553109071","user_id":"AROARVZ4AQRHRH7ZLU5BZ:imanuel.m@indeni.com"}},{"address":"module.my-cluster.data.aws_iam_policy_document.cluster_assume_role_policy","mode":"data","type":"aws_iam_policy_document","name":"cluster_assume_role_policy","provider_name":"registry.terraform.io/hashicorp/aws","schema_version":0,"values":{"id":"2764486067","json":"{\n  \"Version\": \"2012-10-17\",\n  \"Statement\": [\n    {\n      \"Sid\": \"EKSClusterAssumeRole\",\n      \"Effect\": \"Allow\",\n      \"Action\": \"sts:AssumeRole\",\n      \"Principal\": {\n        \"Service\": \"eks.amazonaws.com\"\n      }\n    }\n  ]\n}","override_json":null,"override_policy_documents":null,"policy_id":null,"source_json":null,"source_policy_documents":null,"statement":[{"actions":["sts:AssumeRole"],"condition":[],"effect":"Allow","not_actions":[],"not_principals":[],"not_resources":[],"principals":[{"identifiers":["eks.amazonaws.com"],"type":"Service"}],"resources":[],"sid":"EKSClusterAssumeRole"}],"version":"2012-10-17"}},{"address":"module.my-cluster.data.aws_iam_policy_document.cluster_elb_sl_role_creation[0]","mode":"data","type":"aws_iam_policy_document","name":"cluster_elb_sl_role_creation","index":0,"provider_name":"registry.terraform.io/hashicorp/aws","schema_version":0,"values":{"id":"3709839417","json":"{\n  \"Version\": \"2012-10-17\",\n  \"Statement\": [\n    {\n      \"Sid\": \"\",\n      \"Effect\": \"Allow\",\n      \"Action\": [\n        \"ec2:DescribeInternetGateways\",\n        \"ec2:DescribeAddresses\",\n        \"ec2:DescribeAccountAttributes\"\n      ],\n      \"Resource\": \"*\"\n    }\n  ]\n}","override_json":null,"override_policy_documents":null,"policy_id":null,"source_json":null,"source_policy_documents":null,"statement":[{"actions":["ec2:DescribeAccountAttributes","ec2:DescribeAddresses","ec2:DescribeInternetGateways"],"condition":[],"effect":"Allow","not_actions":[],"not_principals":[],"not_resources":[],"principals":[],"resources":["*"],"sid":""}],"version":"2012-10-17"}},{"address":"module.my-cluster.data.aws_iam_policy_document.workers_assume_role_policy","mode":"data","type":"aws_iam_policy_document","name":"workers_assume_role_policy","provider_name":"registry.terraform.io/hashicorp/aws","schema_version":0,"values":{"id":"3778018924","json":"{\n  \"Version\": \"2012-10-17\",\n  \"Statement\": [\n    {\n      \"Sid\": \"EKSWorkerAssumeRole\",\n      \"Effect\": \"Allow\",\n      \"Action\": \"sts:AssumeRole\",\n      \"Principal\": {\n        \"Service\": \"ec2.amazonaws.com\"\n      }\n    }\n  ]\n}","override_json":null,"override_policy_documents":null,"policy_id":null,"source_json":null,"source_policy_documents":null,"statement":[{"actions":["sts:AssumeRole"],"condition":[],"effect":"Allow","not_actions":[],"not_principals":[],"not_resources":[],"principals":[{"identifiers":["ec2.amazonaws.com"],"type":"Service"}],"resources":[],"sid":"EKSWorkerAssumeRole"}],"version":"2012-10-17"}},{"address":"module.my-cluster.data.aws_partition.current","mode":"data","type":"aws_partition","name":"current","provider_name":"registry.terraform.io/hashicorp/aws","schema_version":0,"values":{"dns_suffix":"amazonaws.com","id":"aws","partition":"aws","reverse_dns_prefix":"com.amazonaws"}},{"address":"module.my-cluster.data.http.wait_for_cluster[0]","mode":"data","type":"http","name":"wait_for_cluster","index":0,"provider_name":"registry.terraform.io/terraform-aws-modules/http","schema_version":0,"values":{"body":"ok","ca_certificate":"-----BEGIN CERTIFICATE-----\nMIICyDCCAbCgAwIBAgIBADANBgkqhkiG9w0BAQsFADAVMRMwEQYDVQQDEwprdWJl\ncm5ldGVzMB4XDTIxMDYyMTE0MTQ0OFoXDTMxMDYxOTE0MTQ0OFowFTETMBEGA1UE\nAxMKa3ViZXJuZXRlczCCASIwDQYJKoZIhvcNAQEBBQADggEPADCCAQoCggEBAO8L\nw89CP54R2SYVlUoA65dB7G61EbNS8aR6tELHhaMu7PHazUYDyyCsxshr4ItrJgoz\nDkHgGiBraH4I2Ub6KamDMaCpCy/G7kCVhCrazBblGniCTxEjjYY1HS+X0Zy55ZAF\nZEafB1f67iEfu2XSLWnr3rHf7jeiUJYhMuZPw6LVfpAg7jqbWBK714MvY27s81LL\n2PpnYP7B+JHCUx9Asr1W6Q1iaGn/g8NSsRz67+vrWiDFWN8LeFcZMzLQ+oet/XLP\n25Ui8brv9pQKkQDwR7k3HzTlgXavsJU6w9a/osNjccR2ijMa1KYdu3ZPuXlfsrxf\n2BEmVoRRGs1/rKYcQJ0CAwEAAaMjMCEwDgYDVR0PAQH/BAQDAgKkMA8GA1UdEwEB\n/wQFMAMBAf8wDQYJKoZIhvcNAQELBQADggEBADF9icPmNtSq3zyLRlkJEPNBplvc\n5d6lWhlWRMjoIl7n/7zdQSQnw+bY6JrWV4zdVCIXGDty+8B+HVxRilP336G8r+To\nBzMvO8teaiAxdugBn7FymsXlmxsZm84ZOMclW7ilYQ2S2REKL8B21dB1qlDCNjAb\nUZ1RJKWQ9ksA0c3T+FtWjsKRdFbmRzs/FyTrjgUEq3aFEKd1ThaCTUYmDW7564q1\nAR91zz5AQuVUa7BoAVwpziYoC42AaiB/hUnkativTfUe12mO9T1YaJ7RtdrJrlPx\nfZlsnntJ2FXjWhhqF1pc2pxOOINPeNXgT0Z6RX4o0hRNOBgdD82ZzwycEQ0=\n-----END CERTIFICATE-----\n","id":"https://CDF34ACD35FAAD442D31CDD8BB5D36C7.gr7.us-east-1.eks.amazonaws.com/healthz","insecure":false,"request_headers":null,"response_headers":{"Cache-Control":"no-cache, private","Content-Length":"2","Content-Type":"text/plain; charset=utf-8","Date":"Mon, 21 Jun 2021 14:20:46 GMT","X-Content-Type-Options":"nosniff"},"timeout":300,"url":"https://CDF34ACD35FAAD442D31CDD8BB5D36C7.gr7.us-east-1.eks.amazonaws.com/healthz"}},{"address":"module.my-cluster.kubernetes_config_map.aws_auth[0]","mode":"managed","type":"kubernetes_config_map","name":"aws_auth","index":0,"provider_name":"registry.terraform.io/hashicorp/kubernetes","schema_version":0,"values":{"binary_data":null,"data":{"mapAccounts":"[]\n","mapRoles":"- \"groups\":\n  - \"system:bootstrappers\"\n  - \"system:nodes\"\n  \"rolearn\": \"arn:aws:iam::115553109071:role/my-cluster20210621141930025400000009\"\n  \"username\": \"system:node:{{EC2PrivateDNSName}}\"\n","mapUsers":"[]\n"},"id":"kube-system/aws-auth","metadata":[{"annotations":null,"generate_name":"","generation":0,"labels":{"app.kubernetes.io/managed-by":"Terraform","terraform.io/module":"terraform-aws-modules.eks.aws"},"name":"aws-auth","namespace":"kube-system","resource_version":"696","self_link":"/api/v1/namespaces/kube-system/configmaps/aws-auth","uid":"04193e5f-6d86-44d5-9544-4d8b8d02db1f"}]},"depends_on":["data.aws_eks_cluster.cluster","data.aws_eks_cluster_auth.cluster","module.my-cluster.aws_cloudwatch_log_group.this","module.my-cluster.aws_eks_cluster.this","module.my-cluster.aws_iam_instance_profile.workers","module.my-cluster.aws_iam_instance_profile.workers_launch_template","module.my-cluster.aws_iam_role.cluster","module.my-cluster.aws_iam_role.workers","module.my-cluster.aws_iam_role_policy_attachment.cluster_AmazonEKSClusterPolicy","module.my-cluster.aws_iam_role_policy_attachment.cluster_AmazonEKSServicePolicy","module.my-cluster.aws_iam_role_policy_attachment.cluster_AmazonEKSVPCResourceControllerPolicy","module.my-cluster.aws_security_group.cluster","module.my-cluster.aws_security_group.workers","module.my-cluster.aws_security_group_rule.cluster_egress_internet","module.my-cluster.aws_security_group_rule.cluster_https_worker_ingress","module.my-cluster.aws_security_group_rule.cluster_private_access_cidrs_source","module.my-cluster.aws_security_group_rule.cluster_private_access_sg_source","module.my-cluster.data.aws_ami.eks_worker","module.my-cluster.data.aws_ami.eks_worker_windows","module.my-cluster.data.aws_caller_identity.current","module.my-cluster.data.aws_iam_instance_profile.custom_worker_group_iam_instance_profile","module.my-cluster.data.aws_iam_instance_profile.custom_worker_group_launch_template_iam_instance_profile","module.my-cluster.data.aws_iam_policy_document.cluster_assume_role_policy","module.my-cluster.data.aws_iam_policy_document.workers_assume_role_policy","module.my-cluster.data.aws_iam_role.custom_cluster_iam_role","module.my-cluster.data.aws_partition.current","module.my-cluster.data.http.wait_for_cluster","module.my-cluster.module.fargate.aws_iam_role.eks_fargate_pod","module.my-cluster.module.fargate.data.aws_iam_role.custom_fargate_iam_role","module.vpc.aws_subnet.private","module.vpc.aws_vpc.this","module.vpc.aws_vpc_ipv4_cidr_block_association.this"]},{"address":"module.my-cluster.local_file.kubeconfig[0]","mode":"managed","type":"local_file","name":"kubeconfig","index":0,"provider_name":"registry.terraform.io/hashicorp/local","schema_version":0,"values":{"content":"apiVersion: v1\npreferences: {}\nkind: Config\n\nclusters:\n- cluster:\n    server: https://CDF34ACD35FAAD442D31CDD8BB5D36C7.gr7.us-east-1.eks.amazonaws.com\n    certificate-authority-data: LS0tLS1CRUdJTiBDRVJUSUZJQ0FURS0tLS0tCk1JSUN5RENDQWJDZ0F3SUJBZ0lCQURBTkJna3Foa2lHOXcwQkFRc0ZBREFWTVJNd0VRWURWUVFERXdwcmRXSmwKY201bGRHVnpNQjRYRFRJeE1EWXlNVEUwTVRRME9Gb1hEVE14TURZeE9URTBNVFEwT0Zvd0ZURVRNQkVHQTFVRQpBeE1LYTNWaVpYSnVaWFJsY3pDQ0FTSXdEUVlKS29aSWh2Y05BUUVCQlFBRGdnRVBBRENDQVFvQ2dnRUJBTzhMCnc4OUNQNTRSMlNZVmxVb0E2NWRCN0c2MUViTlM4YVI2dEVMSGhhTXU3UEhhelVZRHl5Q3N4c2hyNEl0ckpnb3oKRGtIZ0dpQnJhSDRJMlViNkthbURNYUNwQ3kvRzdrQ1ZoQ3JhekJibEduaUNUeEVqallZMUhTK1gwWnk1NVpBRgpaRWFmQjFmNjdpRWZ1MlhTTFducjNySGY3amVpVUpZaE11WlB3NkxWZnBBZzdqcWJXQks3MTRNdlkyN3M4MUxMCjJQcG5ZUDdCK0pIQ1V4OUFzcjFXNlExaWFHbi9nOE5Tc1J6NjcrdnJXaURGV044TGVGY1pNekxRK29ldC9YTFAKMjVVaThicnY5cFFLa1FEd1I3azNIelRsZ1hhdnNKVTZ3OWEvb3NOamNjUjJpak1hMUtZZHUzWlB1WGxmc3J4ZgoyQkVtVm9SUkdzMS9yS1ljUUowQ0F3RUFBYU1qTUNFd0RnWURWUjBQQVFIL0JBUURBZ0trTUE4R0ExVWRFd0VCCi93UUZNQU1CQWY4d0RRWUpLb1pJaHZjTkFRRUxCUUFEZ2dFQkFERjlpY1BtTnRTcTN6eUxSbGtKRVBOQnBsdmMKNWQ2bFdobFdSTWpvSWw3bi83emRRU1FudytiWTZKcldWNHpkVkNJWEdEdHkrOEIrSFZ4UmlsUDMzNkc4citUbwpCek12Tzh0ZWFpQXhkdWdCbjdGeW1zWGxteHNabTg0Wk9NY2xXN2lsWVEyUzJSRUtMOEIyMWRCMXFsRENOakFiClVaMVJKS1dROWtzQTBjM1QrRnRXanNLUmRGYm1SenMvRnlUcmpnVUVxM2FGRUtkMVRoYUNUVVltRFc3NTY0cTEKQVI5MXp6NUFRdVZVYTdCb0FWd3B6aVlvQzQyQWFpQi9oVW5rYXRpdlRmVWUxMm1POVQxWWFKN1J0ZHJKcmxQeApmWmxzbm50SjJGWGpXaGhxRjFwYzJweE9PSU5QZU5YZ1QwWjZSWDRvMGhSTk9CZ2REODJaend5Y0VRMD0KLS0tLS1FTkQgQ0VSVElGSUNBVEUtLS0tLQo=\n  name: eks_my-cluster\n\ncontexts:\n- context:\n    cluster: eks_my-cluster\n    user: eks_my-cluster\n  name: eks_my-cluster\n\ncurrent-context: eks_my-cluster\n\nusers:\n- name: eks_my-cluster\n  user:\n    exec:\n      apiVersion: client.authentication.k8s.io/v1alpha1\n      command: aws-iam-authenticator\n      args:\n        - \"token\"\n        - \"-i\"\n        - \"my-cluster\"\n","content_base64":null,"directory_permission":"0755","file_permission":"0600","filename":"./kubeconfig_my-cluster","id":"d52d2d93edf83824305fc5157ba08ca1a43b575e","sensitive_content":null,"source":null},"depends_on":["module.my-cluster.aws_cloudwatch_log_group.this","module.my-cluster.aws_eks_cluster.this","module.my-cluster.aws_iam_role.cluster","module.my-cluster.aws_iam_role_policy_attachment.cluster_AmazonEKSClusterPolicy","module.my-cluster.aws_iam_role_policy_attachment.cluster_AmazonEKSServicePolicy","module.my-cluster.aws_iam_role_policy_attachment.cluster_AmazonEKSVPCResourceControllerPolicy","module.my-cluster.aws_security_group.cluster","module.my-cluster.aws_security_group.workers","module.my-cluster.aws_security_group_rule.cluster_egress_internet","module.my-cluster.aws_security_group_rule.cluster_https_worker_ingress","module.my-cluster.data.aws_iam_policy_document.cluster_assume_role_policy","module.my-cluster.data.aws_iam_role.custom_cluster_iam_role","module.my-cluster.data.aws_partition.current","module.vpc.aws_subnet.private","module.vpc.aws_vpc.this","module.vpc.aws_vpc_ipv4_cidr_block_association.this"]}],"address":"module.my-cluster"},{"resources":[{"address":"module.vpc.aws_eip.nat[0]","mode":"managed","type":"aws_eip","name":"nat","index":0,"provider_name":"registry.terraform.io/hashicorp/aws","schema_version":0,"values":{"address":null,"allocation_id":null,"associate_with_private_ip":null,"association_id":"","carrier_ip":"","customer_owned_ip":"","customer_owned_ipv4_pool":"","domain":"vpc","id":"eipalloc-070914c57f6f1e1b4","instance":"","network_border_group":"us-east-1","network_interface":"","private_dns":null,"private_ip":"","public_dns":"ec2-3-213-215-2.compute-1.amazonaws.com","public_ip":"3.213.215.2","public_ipv4_pool":"amazon","tags":{"Name":"test-us-east-1a"},"tags_all":{"Name":"test-us-east-1a"},"timeouts":null,"vpc":true}},{"address":"module.vpc.aws_eip.nat[1]","mode":"managed","type":"aws_eip","name":"nat","index":1,"provider_name":"registry.terraform.io/hashicorp/aws","schema_version":0,"values":{"address":null,"allocation_id":null,"associate_with_private_ip":null,"association_id":"","carrier_ip":"","customer_owned_ip":"","customer_owned_ipv4_pool":"","domain":"vpc","id":"eipalloc-006743aee166e0f70","instance":"","network_border_group":"us-east-1","network_interface":"","private_dns":null,"private_ip":"","public_dns":"ec2-3-209-212-11.compute-1.amazonaws.com","public_ip":"3.209.212.11","public_ipv4_pool":"amazon","tags":{"Name":"test-us-east-1b"},"tags_all":{"Name":"test-us-east-1b"},"timeouts":null,"vpc":true}},{"address":"module.vpc.aws_internet_gateway.this[0]","mode":"managed","type":"aws_internet_gateway","name":"this","index":0,"provider_name":"registry.terraform.io/hashicorp/aws","schema_version":0,"values":{"arn":"arn:aws:ec2:us-east-1:115553109071:internet-gateway/igw-0148c476914ff0b38","id":"igw-0148c476914ff0b38","owner_id":"115553109071","tags":{"Name":"test"},"tags_all":{"Name":"test"},"vpc_id":"vpc-02b7f3126a5108c32"},"depends_on":["module.vpc.aws_vpc.this","module.vpc.aws_vpc_ipv4_cidr_block_association.this"]},{"address":"module.vpc.aws_nat_gateway.this[0]","mode":"managed","type":"aws_nat_gateway","name":"this","index":0,"provider_name":"registry.terraform.io/hashicorp/aws","schema_version":0,"values":{"allocation_id":"eipalloc-070914c57f6f1e1b4","connectivity_type":"public","id":"nat-02d56cb0a5526227b","network_interface_id":"eni-0def94a5ed3fb7cf3","private_ip":"10.0.101.224","public_ip":"3.213.215.2","subnet_id":"subnet-01646b282db0e6add","tags":{"Name":"test-us-east-1a"},"tags_all":{"Name":"test-us-east-1a"}},"depends_on":["module.vpc.aws_eip.nat","module.vpc.aws_internet_gateway.this","module.vpc.aws_subnet.public","module.vpc.aws_vpc.this","module.vpc.aws_vpc_ipv4_cidr_block_association.this"]},{"address":"module.vpc.aws_nat_gateway.this[1]","mode":"managed","type":"aws_nat_gateway","name":"this","index":1,"provider_name":"registry.terraform.io/hashicorp/aws","schema_version":0,"values":{"allocation_id":"eipalloc-006743aee166e0f70","connectivity_type":"public","id":"nat-074e6f093539831d9","network_interface_id":"eni-0d71a2a6376e770ae","private_ip":"10.0.102.217","public_ip":"3.209.212.11","subnet_id":"subnet-0ba91749c22101798","tags":{"Name":"test-us-east-1b"},"tags_all":{"Name":"test-us-east-1b"}},"depends_on":["module.vpc.aws_eip.nat","module.vpc.aws_internet_gateway.this","module.vpc.aws_subnet.public","module.vpc.aws_vpc.this","module.vpc.aws_vpc_ipv4_cidr_block_association.this"]},{"address":"module.vpc.aws_route.private_nat_gateway[0]","mode":"managed","type":"aws_route","name":"private_nat_gateway","index":0,"provider_name":"registry.terraform.io/hashicorp/aws","schema_version":0,"values":{"carrier_gateway_id":"","destination_cidr_block":"0.0.0.0/0","destination_ipv6_cidr_block":"","destination_prefix_list_id":"","egress_only_gateway_id":"","gateway_id":"","id":"r-rtb-08f6e18da0ff006261080289494","instance_id":"","instance_owner_id":"","local_gateway_id":"","nat_gateway_id":"nat-02d56cb0a5526227b","network_interface_id":"","origin":"CreateRoute","route_table_id":"rtb-08f6e18da0ff00626","state":"active","timeouts":{"create":"5m","delete":null},"transit_gateway_id":"","vpc_endpoint_id":"","vpc_peering_connection_id":""},"depends_on":["module.vpc.aws_eip.nat","module.vpc.aws_internet_gateway.this","module.vpc.aws_nat_gateway.this","module.vpc.aws_route_table.private","module.vpc.aws_subnet.public","module.vpc.aws_vpc.this","module.vpc.aws_vpc_ipv4_cidr_block_association.this"]},{"address":"module.vpc.aws_route.private_nat_gateway[1]","mode":"managed","type":"aws_route","name":"private_nat_gateway","index":1,"provider_name":"registry.terraform.io/hashicorp/aws","schema_version":0,"values":{"carrier_gateway_id":"","destination_cidr_block":"0.0.0.0/0","destination_ipv6_cidr_block":"","destination_prefix_list_id":"","egress_only_gateway_id":"","gateway_id":"","id":"r-rtb-06c665fa50bb4cb831080289494","instance_id":"","instance_owner_id":"","local_gateway_id":"","nat_gateway_id":"nat-074e6f093539831d9","network_interface_id":"","origin":"CreateRoute","route_table_id":"rtb-06c665fa50bb4cb83","state":"active","timeouts":{"create":"5m","delete":null},"transit_gateway_id":"","vpc_endpoint_id":"","vpc_peering_connection_id":""},"depends_on":["module.vpc.aws_eip.nat","module.vpc.aws_internet_gateway.this","module.vpc.aws_nat_gateway.this","module.vpc.aws_route_table.private","module.vpc.aws_subnet.public","module.vpc.aws_vpc.this","module.vpc.aws_vpc_ipv4_cidr_block_association.this"]},{"address":"module.vpc.aws_route.public_internet_gateway[0]","mode":"managed","type":"aws_route","name":"public_internet_gateway","index":0,"provider_name":"registry.terraform.io/hashicorp/aws","schema_version":0,"values":{"carrier_gateway_id":"","destination_cidr_block":"0.0.0.0/0","destination_ipv6_cidr_block":"","destination_prefix_list_id":"","egress_only_gateway_id":"","gateway_id":"igw-0148c476914ff0b38","id":"r-rtb-04133c8833b5a84891080289494","instance_id":"","instance_owner_id":"","local_gateway_id":"","nat_gateway_id":"","network_interface_id":"","origin":"CreateRoute","route_table_id":"rtb-04133c8833b5a8489","state":"active","timeouts":{"create":"5m","delete":null},"transit_gateway_id":"","vpc_endpoint_id":"","vpc_peering_connection_id":""},"depends_on":["module.vpc.aws_internet_gateway.this","module.vpc.aws_route_table.public","module.vpc.aws_vpc.this","module.vpc.aws_vpc_ipv4_cidr_block_association.this"]},{"address":"module.vpc.aws_route_table.private[0]","mode":"managed","type":"aws_route_table","name":"private","index":0,"provider_name":"registry.terraform.io/hashicorp/aws","schema_version":0,"values":{"arn":"arn:aws:ec2:us-east-1:115553109071:route-table/rtb-08f6e18da0ff00626","id":"rtb-08f6e18da0ff00626","owner_id":"115553109071","propagating_vgws":[],"route":[],"tags":{"Name":"test-private-us-east-1a"},"tags_all":{"Name":"test-private-us-east-1a"},"vpc_id":"vpc-02b7f3126a5108c32"},"depends_on":["module.vpc.aws_vpc.this","module.vpc.aws_vpc_ipv4_cidr_block_association.this"]},{"address":"module.vpc.aws_route_table.private[1]","mode":"managed","type":"aws_route_table","name":"private","index":1,"provider_name":"registry.terraform.io/hashicorp/aws","schema_version":0,"values":{"arn":"arn:aws:ec2:us-east-1:115553109071:route-table/rtb-06c665fa50bb4cb83","id":"rtb-06c665fa50bb4cb83","owner_id":"115553109071","propagating_vgws":[],"route":[],"tags":{"Name":"test-private-us-east-1b"},"tags_all":{"Name":"test-private-us-east-1b"},"vpc_id":"vpc-02b7f3126a5108c32"},"depends_on":["module.vpc.aws_vpc.this","module.vpc.aws_vpc_ipv4_cidr_block_association.this"]},{"address":"module.vpc.aws_route_table.public[0]","mode":"managed","type":"aws_route_table","name":"public","index":0,"provider_name":"registry.terraform.io/hashicorp/aws","schema_version":0,"values":{"arn":"arn:aws:ec2:us-east-1:115553109071:route-table/rtb-04133c8833b5a8489","id":"rtb-04133c8833b5a8489","owner_id":"115553109071","propagating_vgws":[],"route":[],"tags":{"Name":"test-public"},"tags_all":{"Name":"test-public"},"vpc_id":"vpc-02b7f3126a5108c32"},"depends_on":["module.vpc.aws_vpc.this","module.vpc.aws_vpc_ipv4_cidr_block_association.this"]},{"address":"module.vpc.aws_route_table_association.private[0]","mode":"managed","type":"aws_route_table_association","name":"private","index":0,"provider_name":"registry.terraform.io/hashicorp/aws","schema_version":0,"values":{"gateway_id":null,"id":"rtbassoc-06bcffadfa5eb12fc","route_table_id":"rtb-08f6e18da0ff00626","subnet_id":"subnet-022685ee8d3663b5c"},"depends_on":["module.vpc.aws_route_table.private","module.vpc.aws_subnet.private","module.vpc.aws_vpc.this","module.vpc.aws_vpc_ipv4_cidr_block_association.this"]},{"address":"module.vpc.aws_route_table_association.private[1]","mode":"managed","type":"aws_route_table_association","name":"private","index":1,"provider_name":"registry.terraform.io/hashicorp/aws","schema_version":0,"values":{"gateway_id":null,"id":"rtbassoc-0d783d9f6b22ff9a0","route_table_id":"rtb-06c665fa50bb4cb83","subnet_id":"subnet-087af17d6e6623026"},"depends_on":["module.vpc.aws_route_table.private","module.vpc.aws_subnet.private","module.vpc.aws_vpc.this","module.vpc.aws_vpc_ipv4_cidr_block_association.this"]},{"address":"module.vpc.aws_route_table_association.public[0]","mode":"managed","type":"aws_route_table_association","name":"public","index":0,"provider_name":"registry.terraform.io/hashicorp/aws","schema_version":0,"values":{"gateway_id":null,"id":"rtbassoc-0d20a55cf71ae680a","route_table_id":"rtb-04133c8833b5a8489","subnet_id":"subnet-01646b282db0e6add"},"depends_on":["module.vpc.aws_route_table.public","module.vpc.aws_subnet.public","module.vpc.aws_vpc.this","module.vpc.aws_vpc_ipv4_cidr_block_association.this"]},{"address":"module.vpc.aws_route_table_association.public[1]","mode":"managed","type":"aws_route_table_association","name":"public","index":1,"provider_name":"registry.terraform.io/hashicorp/aws","schema_version":0,"values":{"gateway_id":null,"id":"rtbassoc-006e4af23dd7c863a","route_table_id":"rtb-04133c8833b5a8489","subnet_id":"subnet-0ba91749c22101798"},"depends_on":["module.vpc.aws_route_table.public","module.vpc.aws_subnet.public","module.vpc.aws_vpc.this","module.vpc.aws_vpc_ipv4_cidr_block_association.this"]},{"address":"module.vpc.aws_subnet.private[0]","mode":"managed","type":"aws_subnet","name":"private","index":0,"provider_name":"registry.terraform.io/hashicorp/aws","schema_version":1,"values":{"arn":"arn:aws:ec2:us-east-1:115553109071:subnet/subnet-022685ee8d3663b5c","assign_ipv6_address_on_creation":false,"availability_zone":"us-east-1a","availability_zone_id":"use1-az1","cidr_block":"10.0.1.0/24","customer_owned_ipv4_pool":"","id":"subnet-022685ee8d3663b5c","ipv6_cidr_block":"","ipv6_cidr_block_association_id":"","map_customer_owned_ip_on_launch":false,"map_public_ip_on_launch":false,"outpost_arn":"","owner_id":"115553109071","tags":{"Name":"test-private-us-east-1a"},"tags_all":{"Name":"test-private-us-east-1a"},"timeouts":null,"vpc_id":"vpc-02b7f3126a5108c32"},"depends_on":["module.vpc.aws_vpc.this","module.vpc.aws_vpc_ipv4_cidr_block_association.this"]},{"address":"module.vpc.aws_subnet.private[1]","mode":"managed","type":"aws_subnet","name":"private","index":1,"provider_name":"registry.terraform.io/hashicorp/aws","schema_version":1,"values":{"arn":"arn:aws:ec2:us-east-1:115553109071:subnet/subnet-087af17d6e6623026","assign_ipv6_address_on_creation":false,"availability_zone":"us-east-1b","availability_zone_id":"use1-az2","cidr_block":"10.0.2.0/24","customer_owned_ipv4_pool":"","id":"subnet-087af17d6e6623026","ipv6_cidr_block":"","ipv6_cidr_block_association_id":"","map_customer_owned_ip_on_launch":false,"map_public_ip_on_launch":false,"outpost_arn":"","owner_id":"115553109071","tags":{"Name":"test-private-us-east-1b"},"tags_all":{"Name":"test-private-us-east-1b"},"timeouts":null,"vpc_id":"vpc-02b7f3126a5108c32"},"depends_on":["module.vpc.aws_vpc.this","module.vpc.aws_vpc_ipv4_cidr_block_association.this"]},{"address":"module.vpc.aws_subnet.public[0]","mode":"managed","type":"aws_subnet","name":"public","index":0,"provider_name":"registry.terraform.io/hashicorp/aws","schema_version":1,"values":{"arn":"arn:aws:ec2:us-east-1:115553109071:subnet/subnet-01646b282db0e6add","assign_ipv6_address_on_creation":false,"availability_zone":"us-east-1a","availability_zone_id":"use1-az1","cidr_block":"10.0.101.0/24","customer_owned_ipv4_pool":"","id":"subnet-01646b282db0e6add","ipv6_cidr_block":"","ipv6_cidr_block_association_id":"","map_customer_owned_ip_on_launch":false,"map_public_ip_on_launch":true,"outpost_arn":"","owner_id":"115553109071","tags":{"Name":"test-public-us-east-1a"},"tags_all":{"Name":"test-public-us-east-1a"},"timeouts":null,"vpc_id":"vpc-02b7f3126a5108c32"},"depends_on":["module.vpc.aws_vpc.this","module.vpc.aws_vpc_ipv4_cidr_block_association.this"]},{"address":"module.vpc.aws_subnet.public[1]","mode":"managed","type":"aws_subnet","name":"public","index":1,"provider_name":"registry.terraform.io/hashicorp/aws","schema_version":1,"values":{"arn":"arn:aws:ec2:us-east-1:115553109071:subnet/subnet-0ba91749c22101798","assign_ipv6_address_on_creation":false,"availability_zone":"us-east-1b","availability_zone_id":"use1-az2","cidr_block":"10.0.102.0/24","customer_owned_ipv4_pool":"","id":"subnet-0ba91749c22101798","ipv6_cidr_block":"","ipv6_cidr_block_association_id":"","map_customer_owned_ip_on_launch":false,"map_public_ip_on_launch":true,"outpost_arn":"","owner_id":"115553109071","tags":{"Name":"test-public-us-east-1b"},"tags_all":{"Name":"test-public-us-east-1b"},"timeouts":null,"vpc_id":"vpc-02b7f3126a5108c32"},"depends_on":["module.vpc.aws_vpc.this","module.vpc.aws_vpc_ipv4_cidr_block_association.this"]},{"address":"module.vpc.aws_vpc.this[0]","mode":"managed","type":"aws_vpc","name":"this","index":0,"provider_name":"registry.terraform.io/hashicorp/aws","schema_version":1,"values":{"arn":"arn:aws:ec2:us-east-1:115553109071:vpc/vpc-02b7f3126a5108c32","assign_generated_ipv6_cidr_block":false,"cidr_block":"10.0.0.0/16","default_network_acl_id":"acl-09969e21f2a7b4388","default_route_table_id":"rtb-06c1e58e20ad63f2d","default_security_group_id":"sg-001b74d8c65cd6150","dhcp_options_id":"dopt-3045214a","enable_classiclink":false,"enable_classiclink_dns_support":false,"enable_dns_hostnames":false,"enable_dns_support":true,"id":"vpc-02b7f3126a5108c32","instance_tenancy":"default","ipv6_association_id":"","ipv6_cidr_block":"","main_route_table_id":"rtb-06c1e58e20ad63f2d","owner_id":"115553109071","tags":{"Name":"test"},"tags_all":{"Name":"test"}}},{"address":"module.vpc.aws_vpn_gateway.this[0]","mode":"managed","type":"aws_vpn_gateway","name":"this","index":0,"provider_name":"registry.terraform.io/hashicorp/aws","schema_version":0,"values":{"amazon_side_asn":"64512","arn":"arn:aws:ec2:us-east-1:115553109071:vpn-gateway/vgw-0c2346057504ff0fd","availability_zone":null,"id":"vgw-0c2346057504ff0fd","tags":{"Name":"test"},"tags_all":{"Name":"test"},"vpc_id":"vpc-02b7f3126a5108c32"},"depends_on":["module.vpc.aws_vpc.this","module.vpc.aws_vpc_ipv4_cidr_block_association.this"]}],"address":"module.vpc"}]}}},"configuration":{"provider_config":{"aws":{"name":"aws","expressions":{"region":{"constant_value":"us-east-1"}}},"kubernetes":{"name":"kubernetes","version_constraint":"~\u003e 1.9","expressions":{"cluster_ca_certificate":{"references":["data.aws_eks_cluster.cluster"]},"host":{"references":["data.aws_eks_cluster.cluster"]},"load_config_file":{"constant_value":false},"token":{"references":["data.aws_eks_cluster_auth.cluster"]}}}},"root_module":{"resources":[{"address":"aws_security_group.unused","mode":"managed","type":"aws_security_group","name":"unused","provider_config_key":"aws","expressions":{"name":{"constant_value":"Unused security group"},"vpc_id":{"references":["module.vpc.vpc_id"]}},"schema_version":1,"raw_data":{"FileName":"main.tf","StartLine":51,"EndLine":61}},{"address":"data.aws_eks_cluster.cluster","mode":"data","type":"aws_eks_cluster","name":"cluster","provider_config_key":"aws","expressions":{"name":{"references":["module.my-cluster.cluster_id"]}},"schema_version":0,"raw_data":{"FileName":"main.tf","StartLine":19,"EndLine":21}},{"address":"data.aws_eks_cluster_auth.cluster","mode":"data","type":"aws_eks_cluster_auth","name":"cluster","provider_config_key":"aws","expressions":{"name":{"references":["module.my-cluster.cluster_id"]}},"schema_version":0,"raw_data":{"FileName":"main.tf","StartLine":23,"EndLine":25}}],"module_calls":{"my-cluster":{"source":"terraform-aws-modules/eks/aws","expressions":{"cluster_name":{"constant_value":"my-cluster"},"cluster_version":{"constant_value":"1.16"},"subnets":{"references":["module.vpc.private_subnets"]},"vpc_id":{"references":["module.vpc.vpc_id"]},"worker_groups":{"constant_value":[{"asg_max_size":5,"instance_type":"m4.large"}]}},"module":{"outputs":{"cloudwatch_log_group_arn":{"expression":{"references":["aws_cloudwatch_log_group.this"]},"description":"Arn of cloudwatch log group created"},"cloudwatch_log_group_name":{"expression":{"references":["aws_cloudwatch_log_group.this"]},"description":"Name of cloudwatch log group created"},"cluster_arn":{"expression":{"references":["aws_eks_cluster.this"]},"description":"The Amazon Resource Name (ARN) of the cluster."},"cluster_certificate_authority_data":{"expression":{"references":["aws_eks_cluster.this"]},"description":"Nested attribute containing certificate-authority-data for your cluster. This is the base64 encoded certificate data required to communicate with your cluster."},"cluster_endpoint":{"expression":{"references":["aws_eks_cluster.this"]},"description":"The endpoint for your EKS Kubernetes API."},"cluster_iam_role_arn":{"expression":{"references":["local.cluster_iam_role_arn"]},"description":"IAM role ARN of the EKS cluster."},"cluster_iam_role_name":{"expression":{"references":["local.cluster_iam_role_name"]},"description":"IAM role name of the EKS cluster."},"cluster_id":{"expression":{"references":["aws_eks_cluster.this"]},"depends_on":["data.http.wait_for_cluster"],"description":"The name/id of the EKS cluster. Will block on cluster creation until the cluster is really ready."},"cluster_oidc_issuer_url":{"expression":{"references":["aws_eks_cluster.this"]},"description":"The URL on the EKS cluster OIDC Issuer"},"cluster_primary_security_group_id":{"expression":{"references":["local.cluster_primary_security_group_id"]},"description":"The cluster primary security group ID created by the EKS cluster on 1.14 or later. Referred to as 'Cluster security group' in the EKS console."},"cluster_security_group_id":{"expression":{"references":["local.cluster_security_group_id"]},"description":"Security group ID attached to the EKS cluster. On 1.14 or later, this is the 'Additional security groups' in the EKS console."},"cluster_version":{"expression":{"references":["aws_eks_cluster.this"]},"description":"The Kubernetes server version for the EKS cluster."},"config_map_aws_auth":{"expression":{"references":["kubernetes_config_map.aws_auth"]},"description":"A kubernetes configuration to authenticate to this EKS cluster."},"fargate_iam_role_arn":{"expression":{"references":["module.fargate.iam_role_arn"]},"description":"IAM role ARN for EKS Fargate pods"},"fargate_iam_role_name":{"expression":{"references":["module.fargate.iam_role_name"]},"description":"IAM role name for EKS Fargate pods"},"fargate_profile_arns":{"expression":{"references":["module.fargate.fargate_profile_arns"]},"description":"Amazon Resource Name (ARN) of the EKS Fargate Profiles."},"fargate_profile_ids":{"expression":{"references":["module.fargate.fargate_profile_ids"]},"description":"EKS Cluster name and EKS Fargate Profile names separated by a colon (:)."},"kubeconfig":{"expression":{"references":["local.kubeconfig"]},"depends_on":["data.http.wait_for_cluster"],"description":"kubectl config file contents for this EKS cluster. Will block on cluster creation until the cluster is really ready."},"kubeconfig_filename":{"expression":{"references":["local_file.kubeconfig"]},"depends_on":["data.http.wait_for_cluster"],"description":"The filename of the generated kubectl config. Will block on cluster creation until the cluster is really ready."},"node_groups":{"expression":{"references":["module.node_groups.node_groups"]},"description":"Outputs from EKS node groups. Map of maps, keyed by var.node_groups keys"},"oidc_provider_arn":{"expression":{"references":["var.enable_irsa","aws_iam_openid_connect_provider.oidc_provider"]},"description":"The ARN of the OIDC Provider if `enable_irsa = true`."},"security_group_rule_cluster_https_worker_ingress":{"expression":{"references":["aws_security_group_rule.cluster_https_worker_ingress"]},"description":"Security group rule responsible for allowing pods to communicate with the EKS cluster API."},"worker_iam_instance_profile_arns":{"expression":{"references":["aws_iam_instance_profile.workers","aws_iam_instance_profile.workers_launch_template"]},"description":"default IAM instance profile ARN for EKS worker groups"},"worker_iam_instance_profile_names":{"expression":{"references":["aws_iam_instance_profile.workers","aws_iam_instance_profile.workers_launch_template"]},"description":"default IAM instance profile name for EKS worker groups"},"worker_iam_role_arn":{"expression":{"references":["aws_iam_role.workers","data.aws_iam_instance_profile.custom_worker_group_iam_instance_profile","data.aws_iam_instance_profile.custom_worker_group_launch_template_iam_instance_profile"]},"description":"default IAM role ARN for EKS worker groups"},"worker_iam_role_name":{"expression":{"references":["aws_iam_role.workers","data.aws_iam_instance_profile.custom_worker_group_iam_instance_profile","data.aws_iam_instance_profile.custom_worker_group_launch_template_iam_instance_profile"]},"description":"default IAM role name for EKS worker groups"},"worker_security_group_id":{"expression":{"references":["local.worker_security_group_id"]},"description":"Security group ID attached to the EKS workers."},"workers_asg_arns":{"expression":{"references":["aws_autoscaling_group.workers","aws_autoscaling_group.workers_launch_template"]},"description":"IDs of the autoscaling groups containing workers."},"workers_asg_names":{"expression":{"references":["aws_autoscaling_group.workers","aws_autoscaling_group.workers_launch_template"]},"description":"Names of the autoscaling groups containing workers."},"workers_default_ami_id":{"expression":{"references":["local.default_ami_id_linux"]},"description":"ID of the default worker group AMI"},"workers_default_ami_id_windows":{"expression":{"references":["local.default_ami_id_windows"]},"description":"ID of the default Windows worker group AMI"},"workers_launch_template_arns":{"expression":{"references":["aws_launch_template.workers_launch_template"]},"description":"ARNs of the worker launch templates."},"workers_launch_template_ids":{"expression":{"references":["aws_launch_template.workers_launch_template"]},"description":"IDs of the worker launch templates."},"workers_launch_template_latest_versions":{"expression":{"references":["aws_launch_template.workers_launch_template"]},"description":"Latest versions of the worker launch templates."},"workers_user_data":{"expression":{"references":["local.userdata_rendered","local.launch_template_userdata_rendered"]},"description":"User data of worker groups"}},"resources":[{"address":"aws_autoscaling_group.workers","mode":"managed","type":"aws_autoscaling_group","name":"workers","provider_config_key":"my-cluster:aws","expressions":{"capacity_rebalance":{"references":["var.worker_groups","count.index","local.workers_group_defaults"]},"default_cooldown":{"references":["var.worker_groups","count.index","local.workers_group_defaults"]},"desired_capacity":{"references":["var.worker_groups","count.index","local.workers_group_defaults"]},"enabled_metrics":{"references":["var.worker_groups","count.index","local.workers_group_defaults"]},"force_delete":{"references":["var.worker_groups","count.index","local.workers_group_defaults"]},"health_check_grace_period":{"references":["var.worker_groups","count.index","local.workers_group_defaults"]},"health_check_type":{"references":["var.worker_groups","count.index","local.workers_group_defaults"]},"launch_configuration":{"references":["aws_launch_configuration.workers","count.index"]},"load_balancers":{"references":["var.worker_groups","count.index","local.workers_group_defaults"]},"max_instance_lifetime":{"references":["var.worker_groups","count.index","local.workers_group_defaults"]},"max_size":{"references":["var.worker_groups","count.index","local.workers_group_defaults"]},"min_size":{"references":["var.worker_groups","count.index","local.workers_group_defaults"]},"name_prefix":{"references":["aws_eks_cluster.this","var.worker_groups","count.index","count.index"]},"placement_group":{"references":["var.worker_groups","count.index","local.workers_group_defaults"]},"protect_from_scale_in":{"references":["var.worker_groups","count.index","local.workers_group_defaults"]},"service_linked_role_arn":{"references":["var.worker_groups","count.index","local.workers_group_defaults"]},"suspended_processes":{"references":["var.worker_groups","count.index","local.workers_group_defaults"]},"target_group_arns":{"references":["var.worker_groups","count.index","local.workers_group_defaults"]},"termination_policies":{"references":["var.worker_groups","count.index","local.workers_group_defaults"]},"vpc_zone_identifier":{"references":["var.worker_groups","count.index","local.workers_group_defaults"]}},"schema_version":0,"count_expression":{"references":["var.create_eks","local.worker_group_count"]},"raw_data":{"FileName":".terraform/modules/my-cluster/workers.tf","StartLine":3,"EndLine":201}},{"address":"aws_autoscaling_group.workers_launch_template","mode":"managed","type":"aws_autoscaling_group","name":"workers_launch_template","provider_config_key":"my-cluster:aws","expressions":{"capacity_rebalance":{"references":["var.worker_groups_launch_template","count.index","local.workers_group_defaults"]},"default_cooldown":{"references":["var.worker_groups_launch_template","count.index","local.workers_group_defaults"]},"desired_capacity":{"references":["var.worker_groups_launch_template","count.index","local.workers_group_defaults"]},"enabled_metrics":{"references":["var.worker_groups_launch_template","count.index","local.workers_group_defaults"]},"force_delete":{"references":["var.worker_groups_launch_template","count.index","local.workers_group_defaults"]},"health_check_grace_period":{"references":["var.worker_groups_launch_template","count.index","local.workers_group_defaults"]},"health_check_type":{"references":["var.worker_groups_launch_template","count.index","local.workers_group_defaults"]},"load_balancers":{"references":["var.worker_groups_launch_template","count.index","local.workers_group_defaults"]},"max_instance_lifetime":{"references":["var.worker_groups_launch_template","count.index","local.workers_group_defaults"]},"max_size":{"references":["var.worker_groups_launch_template","count.index","local.workers_group_defaults"]},"min_size":{"references":["var.worker_groups_launch_template","count.index","local.workers_group_defaults"]},"name_prefix":{"references":["aws_eks_cluster.this","var.worker_groups_launch_template","count.index","count.index"]},"placement_group":{"references":["var.worker_groups_launch_template","count.index","local.workers_group_defaults"]},"protect_from_scale_in":{"references":["var.worker_groups_launch_template","count.index","local.workers_group_defaults"]},"service_linked_role_arn":{"references":["var.worker_groups_launch_template","count.index","local.workers_group_defaults"]},"suspended_processes":{"references":["var.worker_groups_launch_template","count.index","local.workers_group_defaults"]},"target_group_arns":{"references":["var.worker_groups_launch_template","count.index","local.workers_group_defaults"]},"termination_policies":{"references":["var.worker_groups_launch_template","count.index","local.workers_group_defaults"]},"vpc_zone_identifier":{"references":["var.worker_groups_launch_template","count.index","local.workers_group_defaults"]}},"schema_version":0,"count_expression":{"references":["var.create_eks","local.worker_group_launch_template_count"]},"raw_data":{"FileName":".terraform/modules/my-cluster/workers_launch_template.tf","StartLine":3,"EndLine":288}},{"address":"aws_cloudwatch_log_group.this","mode":"managed","type":"aws_cloudwatch_log_group","name":"this","provider_config_key":"my-cluster:aws","expressions":{"kms_key_id":{"references":["var.cluster_log_kms_key_id"]},"name":{"references":["var.cluster_name"]},"retention_in_days":{"references":["var.cluster_log_retention_in_days"]},"tags":{"references":["var.tags"]}},"schema_version":0,"count_expression":{"references":["var.cluster_enabled_log_types","var.create_eks"]},"raw_data":{"FileName":".terraform/modules/my-cluster/cluster.tf","StartLine":1,"EndLine":7}},{"address":"aws_eks_cluster.this","mode":"managed","type":"aws_eks_cluster","name":"this","provider_config_key":"my-cluster:aws","expressions":{"enabled_cluster_log_types":{"references":["var.cluster_enabled_log_types"]},"kubernetes_network_config":[{"service_ipv4_cidr":{"references":["var.cluster_service_ipv4_cidr"]}}],"name":{"references":["var.cluster_name"]},"role_arn":{"references":["local.cluster_iam_role_arn"]},"tags":{"references":["var.tags"]},"timeouts":{"create":{"references":["var.cluster_create_timeout"]},"delete":{"references":["var.cluster_delete_timeout"]}},"version":{"references":["var.cluster_version"]},"vpc_config":[{"endpoint_private_access":{"references":["var.cluster_endpoint_private_access"]},"endpoint_public_access":{"references":["var.cluster_endpoint_public_access"]},"public_access_cidrs":{"references":["var.cluster_endpoint_public_access_cidrs"]},"security_group_ids":{"references":["local.cluster_security_group_id"]},"subnet_ids":{"references":["var.subnets"]}}]},"schema_version":0,"count_expression":{"references":["var.create_eks"]},"depends_on":["aws_security_group_rule.cluster_egress_internet","aws_security_group_rule.cluster_https_worker_ingress","aws_iam_role_policy_attachment.cluster_AmazonEKSClusterPolicy","aws_iam_role_policy_attachment.cluster_AmazonEKSServicePolicy","aws_iam_role_policy_attachment.cluster_AmazonEKSVPCResourceControllerPolicy","aws_cloudwatch_log_group.this"],"raw_data":{"FileName":".terraform/modules/my-cluster/cluster.tf","StartLine":9,"EndLine":53}},{"address":"aws_iam_instance_profile.workers","mode":"managed","type":"aws_iam_instance_profile","name":"workers","provider_config_key":"my-cluster:aws","expressions":{"name_prefix":{"references":["aws_eks_cluster.this"]},"path":{"references":["var.iam_path"]},"role":{"references":["var.worker_groups","count.index","local.default_iam_role_id"]},"tags":{"references":["var.tags"]}},"schema_version":0,"count_expression":{"references":["var.manage_worker_iam_resources","var.create_eks","local.worker_group_count"]},"raw_data":{"FileName":".terraform/modules/my-cluster/workers.tf","StartLine":462,"EndLine":477}},{"address":"aws_iam_instance_profile.workers_launch_template","mode":"managed","type":"aws_iam_instance_profile","name":"workers_launch_template","provider_config_key":"my-cluster:aws","expressions":{"name_prefix":{"references":["aws_eks_cluster.this"]},"path":{"references":["var.iam_path"]},"role":{"references":["var.worker_groups_launch_template","count.index","local.default_iam_role_id"]},"tags":{"references":["var.tags"]}},"schema_version":0,"count_expression":{"references":["var.manage_worker_iam_resources","var.create_eks","local.worker_group_launch_template_count"]},"raw_data":{"FileName":".terraform/modules/my-cluster/workers_launch_template.tf","StartLine":594,"EndLine":608}},{"address":"aws_iam_openid_connect_provider.oidc_provider","mode":"managed","type":"aws_iam_openid_connect_provider","name":"oidc_provider","provider_config_key":"my-cluster:aws","expressions":{"client_id_list":{"references":["local.sts_principal"]},"tags":{"references":["var.cluster_name","var.tags"]},"thumbprint_list":{"references":["var.eks_oidc_root_ca_thumbprint"]},"url":{"references":["aws_eks_cluster.this"]}},"schema_version":0,"count_expression":{"references":["var.enable_irsa","var.create_eks"]},"raw_data":{"FileName":".terraform/modules/my-cluster/irsa.tf","StartLine":10,"EndLine":22}},{"address":"aws_iam_policy.cluster_elb_sl_role_creation","mode":"managed","type":"aws_iam_policy","name":"cluster_elb_sl_role_creation","provider_config_key":"my-cluster:aws","expressions":{"description":{"constant_value":"Permissions for EKS to create AWSServiceRoleForElasticLoadBalancing service-linked role"},"name_prefix":{"references":["var.cluster_name"]},"path":{"references":["var.iam_path"]},"policy":{"references":["data.aws_iam_policy_document.cluster_elb_sl_role_creation[0]"]},"tags":{"references":["var.tags"]}},"schema_version":0,"count_expression":{"references":["var.manage_cluster_iam_resources","var.create_eks"]},"raw_data":{"FileName":".terraform/modules/my-cluster/cluster.tf","StartLine":162,"EndLine":169}},{"address":"aws_iam_role.cluster","mode":"managed","type":"aws_iam_role","name":"cluster","provider_config_key":"my-cluster:aws","expressions":{"assume_role_policy":{"references":["data.aws_iam_policy_document.cluster_assume_role_policy"]},"force_detach_policies":{"constant_value":true},"name":{"references":["var.cluster_iam_role_name","var.cluster_iam_role_name"]},"name_prefix":{"references":["var.cluster_iam_role_name","var.cluster_name"]},"path":{"references":["var.iam_path"]},"permissions_boundary":{"references":["var.permissions_boundary"]},"tags":{"references":["var.tags"]}},"schema_version":0,"count_expression":{"references":["var.manage_cluster_iam_resources","var.create_eks"]},"raw_data":{"FileName":".terraform/modules/my-cluster/cluster.tf","StartLine":114,"EndLine":123}},{"address":"aws_iam_role.workers","mode":"managed","type":"aws_iam_role","name":"workers","provider_config_key":"my-cluster:aws","expressions":{"assume_role_policy":{"references":["data.aws_iam_policy_document.workers_assume_role_policy"]},"force_detach_policies":{"constant_value":true},"name":{"references":["var.workers_role_name","var.workers_role_name"]},"name_prefix":{"references":["var.workers_role_name","aws_eks_cluster.this"]},"path":{"references":["var.iam_path"]},"permissions_boundary":{"references":["var.permissions_boundary"]},"tags":{"references":["var.tags"]}},"schema_version":0,"count_expression":{"references":["var.manage_worker_iam_resources","var.create_eks"]},"raw_data":{"FileName":".terraform/modules/my-cluster/workers.tf","StartLine":451,"EndLine":460}},{"address":"aws_iam_role_policy_attachment.cluster_AmazonEKSClusterPolicy","mode":"managed","type":"aws_iam_role_policy_attachment","name":"cluster_AmazonEKSClusterPolicy","provider_config_key":"my-cluster:aws","expressions":{"policy_arn":{"references":["local.policy_arn_prefix"]},"role":{"references":["local.cluster_iam_role_name"]}},"schema_version":0,"count_expression":{"references":["var.manage_cluster_iam_resources","var.create_eks"]},"raw_data":{"FileName":".terraform/modules/my-cluster/cluster.tf","StartLine":125,"EndLine":129}},{"address":"aws_iam_role_policy_attachment.cluster_AmazonEKSServicePolicy","mode":"managed","type":"aws_iam_role_policy_attachment","name":"cluster_AmazonEKSServicePolicy","provider_config_key":"my-cluster:aws","expressions":{"policy_arn":{"references":["local.policy_arn_prefix"]},"role":{"references":["local.cluster_iam_role_name"]}},"schema_version":0,"count_expression":{"references":["var.manage_cluster_iam_resources","var.create_eks"]},"raw_data":{"FileName":".terraform/modules/my-cluster/cluster.tf","StartLine":131,"EndLine":135}},{"address":"aws_iam_role_policy_attachment.cluster_AmazonEKSVPCResourceControllerPolicy","mode":"managed","type":"aws_iam_role_policy_attachment","name":"cluster_AmazonEKSVPCResourceControllerPolicy","provider_config_key":"my-cluster:aws","expressions":{"policy_arn":{"references":["local.policy_arn_prefix"]},"role":{"references":["local.cluster_iam_role_name"]}},"schema_version":0,"count_expression":{"references":["var.manage_cluster_iam_resources","var.create_eks"]},"raw_data":{"FileName":".terraform/modules/my-cluster/cluster.tf","StartLine":137,"EndLine":141}},{"address":"aws_iam_role_policy_attachment.cluster_elb_sl_role_creation","mode":"managed","type":"aws_iam_role_policy_attachment","name":"cluster_elb_sl_role_creation","provider_config_key":"my-cluster:aws","expressions":{"policy_arn":{"references":["aws_iam_policy.cluster_elb_sl_role_creation[0]"]},"role":{"references":["local.cluster_iam_role_name"]}},"schema_version":0,"count_expression":{"references":["var.manage_cluster_iam_resources","var.create_eks"]},"raw_data":{"FileName":".terraform/modules/my-cluster/cluster.tf","StartLine":171,"EndLine":175}},{"address":"aws_iam_role_policy_attachment.workers_AmazonEC2ContainerRegistryReadOnly","mode":"managed","type":"aws_iam_role_policy_attachment","name":"workers_AmazonEC2ContainerRegistryReadOnly","provider_config_key":"my-cluster:aws","expressions":{"policy_arn":{"references":["local.policy_arn_prefix"]},"role":{"references":["aws_iam_role.workers[0]"]}},"schema_version":0,"count_expression":{"references":["var.manage_worker_iam_resources","var.create_eks"]},"raw_data":{"FileName":".terraform/modules/my-cluster/workers.tf","StartLine":491,"EndLine":495}},{"address":"aws_iam_role_policy_attachment.workers_AmazonEKSWorkerNodePolicy","mode":"managed","type":"aws_iam_role_policy_attachment","name":"workers_AmazonEKSWorkerNodePolicy","provider_config_key":"my-cluster:aws","expressions":{"policy_arn":{"references":["local.policy_arn_prefix"]},"role":{"references":["aws_iam_role.workers[0]"]}},"schema_version":0,"count_expression":{"references":["var.manage_worker_iam_resources","var.create_eks"]},"raw_data":{"FileName":".terraform/modules/my-cluster/workers.tf","StartLine":479,"EndLine":483}},{"address":"aws_iam_role_policy_attachment.workers_AmazonEKS_CNI_Policy","mode":"managed","type":"aws_iam_role_policy_attachment","name":"workers_AmazonEKS_CNI_Policy","provider_config_key":"my-cluster:aws","expressions":{"policy_arn":{"references":["local.policy_arn_prefix"]},"role":{"references":["aws_iam_role.workers[0]"]}},"schema_version":0,"count_expression":{"references":["var.manage_worker_iam_resources","var.attach_worker_cni_policy","var.create_eks"]},"raw_data":{"FileName":".terraform/modules/my-cluster/workers.tf","StartLine":485,"EndLine":489}},{"address":"aws_iam_role_policy_attachment.workers_additional_policies","mode":"managed","type":"aws_iam_role_policy_attachment","name":"workers_additional_policies","provider_config_key":"my-cluster:aws","expressions":{"policy_arn":{"references":["var.workers_additional_policies","count.index"]},"role":{"references":["aws_iam_role.workers[0]"]}},"schema_version":0,"count_expression":{"references":["var.manage_worker_iam_resources","var.create_eks","var.workers_additional_policies"]},"raw_data":{"FileName":".terraform/modules/my-cluster/workers.tf","StartLine":497,"EndLine":501}},{"address":"aws_launch_configuration.workers","mode":"managed","type":"aws_launch_configuration","name":"workers","provider_config_key":"my-cluster:aws","expressions":{"associate_public_ip_address":{"references":["var.worker_groups","count.index","local.workers_group_defaults"]},"ebs_optimized":{"references":["var.worker_groups","count.index","local.ebs_optimized_not_supported","var.worker_groups","count.index","local.workers_group_defaults"]},"enable_monitoring":{"references":["var.worker_groups","count.index","local.workers_group_defaults"]},"iam_instance_profile":{"references":["aws_iam_instance_profile.workers","data.aws_iam_instance_profile.custom_worker_group_iam_instance_profile","count.index"]},"image_id":{"references":["var.worker_groups","count.index","var.worker_groups","count.index","local.workers_group_defaults","local.default_ami_id_windows","local.default_ami_id_linux"]},"instance_type":{"references":["var.worker_groups","count.index","local.workers_group_defaults"]},"key_name":{"references":["var.worker_groups","count.index","local.workers_group_defaults"]},"metadata_options":[{"http_endpoint":{"references":["var.worker_groups","count.index","local.workers_group_defaults"]},"http_put_response_hop_limit":{"references":["var.worker_groups","count.index","local.workers_group_defaults"]},"http_tokens":{"references":["var.worker_groups","count.index","local.workers_group_defaults"]}}],"name_prefix":{"references":["aws_eks_cluster.this","var.worker_groups","count.index","count.index"]},"placement_tenancy":{"references":["var.worker_groups","count.index","local.workers_group_defaults"]},"root_block_device":[{"delete_on_termination":{"constant_value":true},"encrypted":{"references":["var.worker_groups","count.index","local.workers_group_defaults"]},"iops":{"references":["var.worker_groups","count.index","local.workers_group_defaults"]},"volume_size":{"references":["var.worker_groups","count.index","local.workers_group_defaults"]},"volume_type":{"references":["var.worker_groups","count.index","local.workers_group_defaults"]}}],"security_groups":{"references":["local.worker_security_group_id","var.worker_additional_security_group_ids","var.worker_groups","count.index","local.workers_group_defaults"]},"spot_price":{"references":["var.worker_groups","count.index","local.workers_group_defaults"]},"user_data_base64":{"references":["local.userdata_rendered","count.index"]}},"schema_version":0,"count_expression":{"references":["var.create_eks","local.worker_group_count"]},"depends_on":["aws_security_group_rule.workers_egress_internet","aws_security_group_rule.workers_ingress_self","aws_security_group_rule.workers_ingress_cluster","aws_security_group_rule.workers_ingress_cluster_kubelet","aws_security_group_rule.workers_ingress_cluster_https","aws_security_group_rule.workers_ingress_cluster_primary","aws_security_group_rule.cluster_primary_ingress_workers","aws_iam_role_policy_attachment.workers_AmazonEKSWorkerNodePolicy","aws_iam_role_policy_attachment.workers_AmazonEKS_CNI_Policy","aws_iam_role_policy_attachment.workers_AmazonEC2ContainerRegistryReadOnly","aws_iam_role_policy_attachment.workers_additional_policies"],"raw_data":{"FileName":".terraform/modules/my-cluster/workers.tf","StartLine":203,"EndLine":358}},{"address":"aws_launch_template.workers_launch_template","mode":"managed","type":"aws_launch_template","name":"workers_launch_template","provider_config_key":"my-cluster:aws","expressions":{"block_device_mappings":[{"device_name":{"references":["var.worker_groups_launch_template","count.index","var.worker_groups_launch_template","count.index","local.workers_group_defaults","local.workers_group_defaults","local.workers_group_defaults"]},"ebs":[{"delete_on_termination":{"constant_value":true},"encrypted":{"references":["var.worker_groups_launch_template","count.index","local.workers_group_defaults"]},"iops":{"references":["var.worker_groups_launch_template","count.index","local.workers_group_defaults"]},"kms_key_id":{"references":["var.worker_groups_launch_template","count.index","local.workers_group_defaults"]},"throughput":{"references":["var.worker_groups_launch_template","count.index","local.workers_group_defaults"]},"volume_size":{"references":["var.worker_groups_launch_template","count.index","local.workers_group_defaults"]},"volume_type":{"references":["var.worker_groups_launch_template","count.index","local.workers_group_defaults"]}}]}],"ebs_optimized":{"references":["var.worker_groups_launch_template","count.index","local.ebs_optimized_not_supported","var.worker_groups_launch_template","count.index","local.workers_group_defaults"]},"enclave_options":[{"enabled":{"references":["var.worker_groups_launch_template","count.index","local.workers_group_defaults"]}}],"iam_instance_profile":[{"name":{"references":["aws_iam_instance_profile.workers_launch_template","data.aws_iam_instance_profile.custom_worker_group_launch_template_iam_instance_profile","count.index"]}}],"image_id":{"references":["var.worker_groups_launch_template","count.index","var.worker_groups_launch_template","count.index","local.workers_group_defaults","local.default_ami_id_windows","local.default_ami_id_linux"]},"instance_type":{"references":["var.worker_groups_launch_template","count.index","local.workers_group_defaults"]},"key_name":{"references":["var.worker_groups_launch_template","count.index","local.workers_group_defaults"]},"metadata_options":[{"http_endpoint":{"references":["var.worker_groups_launch_template","count.index","local.workers_group_defaults"]},"http_put_response_hop_limit":{"references":["var.worker_groups_launch_template","count.index","local.workers_group_defaults"]},"http_tokens":{"references":["var.worker_groups_launch_template","count.index","local.workers_group_defaults"]}}],"monitoring":[{"enabled":{"references":["var.worker_groups_launch_template","count.index","local.workers_group_defaults"]}}],"name_prefix":{"references":["aws_eks_cluster.this","var.worker_groups_launch_template","count.index","count.index"]},"network_interfaces":[{"associate_public_ip_address":{"references":["var.worker_groups_launch_template","count.index","local.workers_group_defaults"]},"delete_on_termination":{"references":["var.worker_groups_launch_template","count.index","local.workers_group_defaults"]},"security_groups":{"references":["local.worker_security_group_id","var.worker_additional_security_group_ids","var.worker_groups_launch_template","count.index","local.workers_group_defaults"]}}],"tag_specifications":[{"resource_type":{"constant_value":"volume"},"tags":{"references":["aws_eks_cluster.this","var.worker_groups_launch_template","count.index","count.index","var.tags"]}},{"resource_type":{"constant_value":"instance"},"tags":{"references":["aws_eks_cluster.this","var.worker_groups_launch_template","count.index","count.index","var.tags","var.worker_groups_launch_template","count.index","local.workers_group_defaults"]}}],"tags":{"references":["var.tags"]},"update_default_version":{"references":["var.worker_groups_launch_template","count.index","local.workers_group_defaults"]},"user_data":{"references":["local.launch_template_userdata_rendered","count.index"]}},"schema_version":0,"count_expression":{"references":["var.create_eks","local.worker_group_launch_template_count"]},"depends_on":["aws_security_group_rule.workers_egress_internet","aws_security_group_rule.workers_ingress_self","aws_security_group_rule.workers_ingress_cluster","aws_security_group_rule.workers_ingress_cluster_kubelet","aws_security_group_rule.workers_ingress_cluster_https","aws_security_group_rule.workers_ingress_cluster_primary","aws_security_group_rule.cluster_primary_ingress_workers","aws_iam_role_policy_attachment.workers_AmazonEKSWorkerNodePolicy","aws_iam_role_policy_attachment.workers_AmazonEKS_CNI_Policy","aws_iam_role_policy_attachment.workers_AmazonEC2ContainerRegistryReadOnly","aws_iam_role_policy_attachment.workers_additional_policies"],"raw_data":{"FileName":".terraform/modules/my-cluster/workers_launch_template.tf","StartLine":290,"EndLine":592}},{"address":"aws_security_group.cluster","mode":"managed","type":"aws_security_group","name":"cluster","provider_config_key":"my-cluster:aws","expressions":{"description":{"constant_value":"EKS cluster security group."},"name_prefix":{"references":["var.cluster_name"]},"tags":{"references":["var.tags","var.cluster_name"]},"vpc_id":{"references":["var.vpc_id"]}},"schema_version":1,"count_expression":{"references":["var.cluster_create_security_group","var.create_eks"]},"raw_data":{"FileName":".terraform/modules/my-cluster/cluster.tf","StartLine":55,"EndLine":66}},{"address":"aws_security_group.workers","mode":"managed","type":"aws_security_group","name":"workers","provider_config_key":"my-cluster:aws","expressions":{"description":{"constant_value":"Security group for all nodes in the cluster."},"name_prefix":{"references":["var.cluster_name"]},"tags":{"references":["var.tags","var.cluster_name","var.cluster_name"]},"vpc_id":{"references":["var.vpc_id"]}},"schema_version":1,"count_expression":{"references":["var.worker_create_security_group","var.create_eks"]},"raw_data":{"FileName":".terraform/modules/my-cluster/workers.tf","StartLine":360,"EndLine":372}},{"address":"aws_security_group_rule.cluster_egress_internet","mode":"managed","type":"aws_security_group_rule","name":"cluster_egress_internet","provider_config_key":"my-cluster:aws","expressions":{"cidr_blocks":{"references":["var.cluster_egress_cidrs"]},"description":{"constant_value":"Allow cluster egress access to the Internet."},"from_port":{"constant_value":0},"protocol":{"constant_value":"-1"},"security_group_id":{"references":["local.cluster_security_group_id"]},"to_port":{"constant_value":0},"type":{"constant_value":"egress"}},"schema_version":2,"count_expression":{"references":["var.cluster_create_security_group","var.create_eks"]},"raw_data":{"FileName":".terraform/modules/my-cluster/cluster.tf","StartLine":68,"EndLine":77}},{"address":"aws_security_group_rule.cluster_https_worker_ingress","mode":"managed","type":"aws_security_group_rule","name":"cluster_https_worker_ingress","provider_config_key":"my-cluster:aws","expressions":{"description":{"constant_value":"Allow pods to communicate with the EKS cluster API."},"from_port":{"constant_value":443},"protocol":{"constant_value":"tcp"},"security_group_id":{"references":["local.cluster_security_group_id"]},"source_security_group_id":{"references":["local.worker_security_group_id"]},"to_port":{"constant_value":443},"type":{"constant_value":"ingress"}},"schema_version":2,"count_expression":{"references":["var.cluster_create_security_group","var.create_eks"]},"raw_data":{"FileName":".terraform/modules/my-cluster/cluster.tf","StartLine":79,"EndLine":88}},{"address":"aws_security_group_rule.cluster_primary_ingress_workers","mode":"managed","type":"aws_security_group_rule","name":"cluster_primary_ingress_workers","provider_config_key":"my-cluster:aws","expressions":{"description":{"constant_value":"Allow pods running on workers to send communication to cluster primary security group (e.g. Fargate pods)."},"from_port":{"constant_value":0},"protocol":{"constant_value":"all"},"security_group_id":{"references":["local.cluster_primary_security_group_id"]},"source_security_group_id":{"references":["local.worker_security_group_id"]},"to_port":{"constant_value":65535},"type":{"constant_value":"ingress"}},"schema_version":2,"count_expression":{"references":["var.worker_create_security_group","var.worker_create_cluster_primary_security_group_rules","var.cluster_version","var.create_eks"]},"raw_data":{"FileName":".terraform/modules/my-cluster/workers.tf","StartLine":440,"EndLine":449}},{"address":"aws_security_group_rule.cluster_private_access_cidrs_source","mode":"managed","type":"aws_security_group_rule","name":"cluster_private_access_cidrs_source","provider_config_key":"my-cluster:aws","expressions":{"cidr_blocks":{"references":["var.cluster_endpoint_private_access_cidrs"]},"description":{"constant_value":"Allow private K8S API ingress from custom CIDR source."},"from_port":{"constant_value":443},"protocol":{"constant_value":"tcp"},"security_group_id":{"references":["aws_eks_cluster.this[0]"]},"to_port":{"constant_value":443},"type":{"constant_value":"ingress"}},"schema_version":2,"count_expression":{"references":["var.create_eks","var.cluster_create_endpoint_private_access_sg_rule","var.cluster_endpoint_private_access","var.cluster_endpoint_private_access_cidrs"]},"raw_data":{"FileName":".terraform/modules/my-cluster/cluster.tf","StartLine":90,"EndLine":100}},{"address":"aws_security_group_rule.cluster_private_access_sg_source","mode":"managed","type":"aws_security_group_rule","name":"cluster_private_access_sg_source","provider_config_key":"my-cluster:aws","expressions":{"description":{"constant_value":"Allow private K8S API ingress from custom Security Groups source."},"from_port":{"constant_value":443},"protocol":{"constant_value":"tcp"},"security_group_id":{"references":["aws_eks_cluster.this[0]"]},"source_security_group_id":{"references":["var.cluster_endpoint_private_access_sg","count.index"]},"to_port":{"constant_value":443},"type":{"constant_value":"ingress"}},"schema_version":2,"count_expression":{"references":["var.create_eks","var.cluster_create_endpoint_private_access_sg_rule","var.cluster_endpoint_private_access","var.cluster_endpoint_private_access_sg","var.cluster_endpoint_private_access_sg"]},"raw_data":{"FileName":".terraform/modules/my-cluster/cluster.tf","StartLine":102,"EndLine":112}},{"address":"aws_security_group_rule.workers_egress_internet","mode":"managed","type":"aws_security_group_rule","name":"workers_egress_internet","provider_config_key":"my-cluster:aws","expressions":{"cidr_blocks":{"references":["var.workers_egress_cidrs"]},"description":{"constant_value":"Allow nodes all egress to the Internet."},"from_port":{"constant_value":0},"protocol":{"constant_value":"-1"},"security_group_id":{"references":["local.worker_security_group_id"]},"to_port":{"constant_value":0},"type":{"constant_value":"egress"}},"schema_version":2,"count_expression":{"references":["var.worker_create_security_group","var.create_eks"]},"raw_data":{"FileName":".terraform/modules/my-cluster/workers.tf","StartLine":374,"EndLine":383}},{"address":"aws_security_group_rule.workers_ingress_cluster","mode":"managed","type":"aws_security_group_rule","name":"workers_ingress_cluster","provider_config_key":"my-cluster:aws","expressions":{"description":{"constant_value":"Allow workers pods to receive communication from the cluster control plane."},"from_port":{"references":["var.worker_sg_ingress_from_port"]},"protocol":{"constant_value":"tcp"},"security_group_id":{"references":["local.worker_security_group_id"]},"source_security_group_id":{"references":["local.cluster_security_group_id"]},"to_port":{"constant_value":65535},"type":{"constant_value":"ingress"}},"schema_version":2,"count_expression":{"references":["var.worker_create_security_group","var.create_eks"]},"raw_data":{"FileName":".terraform/modules/my-cluster/workers.tf","StartLine":396,"EndLine":405}},{"address":"aws_security_group_rule.workers_ingress_cluster_https","mode":"managed","type":"aws_security_group_rule","name":"workers_ingress_cluster_https","provider_config_key":"my-cluster:aws","expressions":{"description":{"constant_value":"Allow pods running extension API servers on port 443 to receive communication from cluster control plane."},"from_port":{"constant_value":443},"protocol":{"constant_value":"tcp"},"security_group_id":{"references":["local.worker_security_group_id"]},"source_security_group_id":{"references":["local.cluster_security_group_id"]},"to_port":{"constant_value":443},"type":{"constant_value":"ingress"}},"schema_version":2,"count_expression":{"references":["var.worker_create_security_group","var.create_eks"]},"raw_data":{"FileName":".terraform/modules/my-cluster/workers.tf","StartLine":418,"EndLine":427}},{"address":"aws_security_group_rule.workers_ingress_cluster_kubelet","mode":"managed","type":"aws_security_group_rule","name":"workers_ingress_cluster_kubelet","provider_config_key":"my-cluster:aws","expressions":{"description":{"constant_value":"Allow workers Kubelets to receive communication from the cluster control plane."},"from_port":{"constant_value":10250},"protocol":{"constant_value":"tcp"},"security_group_id":{"references":["local.worker_security_group_id"]},"source_security_group_id":{"references":["local.cluster_security_group_id"]},"to_port":{"constant_value":10250},"type":{"constant_value":"ingress"}},"schema_version":2,"count_expression":{"references":["var.worker_create_security_group","var.create_eks","var.worker_sg_ingress_from_port"]},"raw_data":{"FileName":".terraform/modules/my-cluster/workers.tf","StartLine":407,"EndLine":416}},{"address":"aws_security_group_rule.workers_ingress_cluster_primary","mode":"managed","type":"aws_security_group_rule","name":"workers_ingress_cluster_primary","provider_config_key":"my-cluster:aws","expressions":{"description":{"constant_value":"Allow pods running on workers to receive communication from cluster primary security group (e.g. Fargate pods)."},"from_port":{"constant_value":0},"protocol":{"constant_value":"all"},"security_group_id":{"references":["local.worker_security_group_id"]},"source_security_group_id":{"references":["local.cluster_primary_security_group_id"]},"to_port":{"constant_value":65535},"type":{"constant_value":"ingress"}},"schema_version":2,"count_expression":{"references":["var.worker_create_security_group","var.worker_create_cluster_primary_security_group_rules","var.cluster_version","var.create_eks"]},"raw_data":{"FileName":".terraform/modules/my-cluster/workers.tf","StartLine":429,"EndLine":438}},{"address":"aws_security_group_rule.workers_ingress_self","mode":"managed","type":"aws_security_group_rule","name":"workers_ingress_self","provider_config_key":"my-cluster:aws","expressions":{"description":{"constant_value":"Allow node to communicate with each other."},"from_port":{"constant_value":0},"protocol":{"constant_value":"-1"},"security_group_id":{"references":["local.worker_security_group_id"]},"source_security_group_id":{"references":["local.worker_security_group_id"]},"to_port":{"constant_value":65535},"type":{"constant_value":"ingress"}},"schema_version":2,"count_expression":{"references":["var.worker_create_security_group","var.create_eks"]},"raw_data":{"FileName":".terraform/modules/my-cluster/workers.tf","StartLine":385,"EndLine":394}},{"address":"kubernetes_config_map.aws_auth","mode":"managed","type":"kubernetes_config_map","name":"aws_auth","provider_config_key":"my-cluster:kubernetes","expressions":{"data":{"references":["local.configmap_roles","var.map_roles","var.map_users","var.map_accounts"]},"metadata":[{"labels":{"references":["var.aws_auth_additional_labels"]},"name":{"constant_value":"aws-auth"},"namespace":{"constant_value":"kube-system"}}]},"schema_version":0,"count_expression":{"references":["var.create_eks","var.manage_aws_auth"]},"depends_on":["data.http.wait_for_cluster[0]"],"raw_data":{"FileName":".terraform/modules/my-cluster/aws_auth.tf","StartLine":63,"EndLine":91}},{"address":"local_file.kubeconfig","mode":"managed","type":"local_file","name":"kubeconfig","provider_config_key":"my-cluster:local","expressions":{"content":{"references":["local.kubeconfig"]},"directory_permission":{"constant_value":"0755"},"file_permission":{"references":["var.kubeconfig_file_permission"]},"filename":{"references":["var.kubeconfig_output_path","var.kubeconfig_output_path","var.cluster_name","var.kubeconfig_output_path"]}},"schema_version":0,"count_expression":{"references":["var.write_kubeconfig","var.create_eks"]},"raw_data":{"FileName":".terraform/modules/my-cluster/kubectl.tf","StartLine":1,"EndLine":7}},{"address":"data.aws_ami.eks_worker","mode":"data","type":"aws_ami","name":"eks_worker","provider_config_key":"my-cluster:aws","expressions":{"filter":[{"name":{"constant_value":"name"},"values":{"references":["local.worker_ami_name_filter"]}}],"most_recent":{"constant_value":true},"owners":{"references":["var.worker_ami_owner_id"]}},"schema_version":0,"count_expression":{"references":["local.worker_has_linux_ami"]},"raw_data":{"FileName":".terraform/modules/my-cluster/data.tf","StartLine":20,"EndLine":31}},{"address":"data.aws_ami.eks_worker_windows","mode":"data","type":"aws_ami","name":"eks_worker_windows","provider_config_key":"my-cluster:aws","expressions":{"filter":[{"name":{"constant_value":"name"},"values":{"references":["local.worker_ami_name_filter_windows"]}},{"name":{"constant_value":"platform"},"values":{"constant_value":["windows"]}}],"most_recent":{"constant_value":true},"owners":{"references":["var.worker_ami_owner_id_windows"]}},"schema_version":0,"count_expression":{"references":["local.worker_has_windows_ami"]},"raw_data":{"FileName":".terraform/modules/my-cluster/data.tf","StartLine":33,"EndLine":49}},{"address":"data.aws_caller_identity.current","mode":"data","type":"aws_caller_identity","name":"current","provider_config_key":"my-cluster:aws","schema_version":0,"raw_data":{"FileName":".terraform/modules/my-cluster/data.tf","StartLine":3,"EndLine":3}},{"address":"data.aws_iam_instance_profile.custom_worker_group_iam_instance_profile","mode":"data","type":"aws_iam_instance_profile","name":"custom_worker_group_iam_instance_profile","provider_config_key":"my-cluster:aws","expressions":{"name":{"references":["var.worker_groups","count.index","local.workers_group_defaults"]}},"schema_version":0,"count_expression":{"references":["var.manage_worker_iam_resources","local.worker_group_count"]},"raw_data":{"FileName":".terraform/modules/my-cluster/data.tf","StartLine":71,"EndLine":78}},{"address":"data.aws_iam_instance_profile.custom_worker_group_launch_template_iam_instance_profile","mode":"data","type":"aws_iam_instance_profile","name":"custom_worker_group_launch_template_iam_instance_profile","provider_config_key":"my-cluster:aws","expressions":{"name":{"references":["var.worker_groups_launch_template","count.index","local.workers_group_defaults"]}},"schema_version":0,"count_expression":{"references":["var.manage_worker_iam_resources","local.worker_group_launch_template_count"]},"raw_data":{"FileName":".terraform/modules/my-cluster/data.tf","StartLine":80,"EndLine":87}},{"address":"data.aws_iam_policy_document.cluster_assume_role_policy","mode":"data","type":"aws_iam_policy_document","name":"cluster_assume_role_policy","provider_config_key":"my-cluster:aws","expressions":{"statement":[{"actions":{"constant_value":["sts:AssumeRole"]},"principals":[{"identifiers":{"constant_value":["eks.amazonaws.com"]},"type":{"constant_value":"Service"}}],"sid":{"constant_value":"EKSClusterAssumeRole"}}]},"schema_version":0,"raw_data":{"FileName":".terraform/modules/my-cluster/data.tf","StartLine":51,"EndLine":64}},{"address":"data.aws_iam_policy_document.cluster_elb_sl_role_creation","mode":"data","type":"aws_iam_policy_document","name":"cluster_elb_sl_role_creation","provider_config_key":"my-cluster:aws","expressions":{"statement":[{"actions":{"constant_value":["ec2:DescribeAccountAttributes","ec2:DescribeInternetGateways","ec2:DescribeAddresses"]},"effect":{"constant_value":"Allow"},"resources":{"constant_value":["*"]}}]},"schema_version":0,"count_expression":{"references":["var.manage_cluster_iam_resources","var.create_eks"]},"raw_data":{"FileName":".terraform/modules/my-cluster/cluster.tf","StartLine":148,"EndLine":160}},{"address":"data.aws_iam_policy_document.workers_assume_role_policy","mode":"data","type":"aws_iam_policy_document","name":"workers_assume_role_policy","provider_config_key":"my-cluster:aws","expressions":{"statement":[{"actions":{"constant_value":["sts:AssumeRole"]},"principals":[{"identifiers":{"references":["local.ec2_principal"]},"type":{"constant_value":"Service"}}],"sid":{"constant_value":"EKSWorkerAssumeRole"}}]},"schema_version":0,"raw_data":{"FileName":".terraform/modules/my-cluster/data.tf","StartLine":5,"EndLine":18}},{"address":"data.aws_iam_role.custom_cluster_iam_role","mode":"data","type":"aws_iam_role","name":"custom_cluster_iam_role","provider_config_key":"my-cluster:aws","expressions":{"name":{"references":["var.cluster_iam_role_name"]}},"schema_version":0,"count_expression":{"references":["var.manage_cluster_iam_resources"]},"raw_data":{"FileName":".terraform/modules/my-cluster/data.tf","StartLine":66,"EndLine":69}},{"address":"data.aws_partition.current","mode":"data","type":"aws_partition","name":"current","provider_config_key":"my-cluster:aws","schema_version":0,"raw_data":{"FileName":".terraform/modules/my-cluster/data.tf","StartLine":1,"EndLine":1}},{"address":"data.http.wait_for_cluster","mode":"data","type":"http","name":"wait_for_cluster","provider_config_key":"my-cluster:http","expressions":{"ca_certificate":{"references":["aws_eks_cluster.this"]},"timeout":{"references":["var.wait_for_cluster_timeout"]},"url":{"references":["aws_eks_cluster.this[0]"]}},"schema_version":0,"count_expression":{"references":["var.create_eks","var.manage_aws_auth"]},"depends_on":["aws_eks_cluster.this","aws_security_group_rule.cluster_private_access_sg_source","aws_security_group_rule.cluster_private_access_cidrs_source"],"raw_data":{"FileName":".terraform/modules/my-cluster/data.tf","StartLine":89,"EndLine":100}}],"module_calls":{"fargate":{"source":"./modules/fargate","expressions":{"cluster_name":{"references":["aws_eks_cluster.this"]},"create_eks":{"references":["var.create_eks"]},"create_fargate_pod_execution_role":{"references":["var.create_fargate_pod_execution_role"]},"eks_depends_on":{"references":["aws_eks_cluster.this","kubernetes_config_map.aws_auth"]},"fargate_pod_execution_role_name":{"references":["var.fargate_pod_execution_role_name"]},"fargate_profiles":{"references":["var.fargate_profiles"]},"iam_path":{"references":["var.iam_path"]},"iam_policy_arn_prefix":{"references":["local.policy_arn_prefix"]},"permissions_boundary":{"references":["var.permissions_boundary"]},"subnets":{"references":["var.subnets"]},"tags":{"references":["var.tags"]}},"module":{"outputs":{"aws_auth_roles":{"expression":{"references":["local.pod_execution_role_arn","local.create_eks"]},"description":"Roles for use in aws-auth ConfigMap"},"fargate_profile_arns":{"expression":{"references":["aws_eks_fargate_profile.this"]},"description":"Amazon Resource Name (ARN) of the EKS Fargate Profiles."},"fargate_profile_ids":{"expression":{"references":["aws_eks_fargate_profile.this"]},"description":"EKS Cluster name and EKS Fargate Profile names separated by a colon (:)."},"iam_role_arn":{"expression":{"references":["local.pod_execution_role_arn"]},"description":"IAM role ARN for EKS Fargate pods"},"iam_role_name":{"expression":{"references":["local.pod_execution_role_name"]},"description":"IAM role name for EKS Fargate pods"}},"resources":[{"address":"aws_eks_fargate_profile.this","mode":"managed","type":"aws_eks_fargate_profile","name":"this","provider_config_key":"fargate:aws","expressions":{"cluster_name":{"references":["var.cluster_name"]},"fargate_profile_name":{"references":["each.value","var.cluster_name","each.key"]},"pod_execution_role_arn":{"references":["local.pod_execution_role_arn"]},"subnet_ids":{"references":["each.value","var.subnets"]},"tags":{"references":["each.value"]}},"schema_version":0,"for_each_expression":{"references":["local.create_eks","local.fargate_profiles_expanded"]},"depends_on":["var.eks_depends_on"],"raw_data":{"FileName":".terraform/modules/my-cluster/modules/fargate/fargate.tf","StartLine":16,"EndLine":33}},{"address":"aws_iam_role.eks_fargate_pod","mode":"managed","type":"aws_iam_role","name":"eks_fargate_pod","provider_config_key":"fargate:aws","expressions":{"assume_role_policy":{"references":["data.aws_iam_policy_document.eks_fargate_pod_assume_role[0]"]},"name_prefix":{"references":["var.cluster_name"]},"path":{"references":["var.iam_path"]},"permissions_boundary":{"references":["var.permissions_boundary"]},"tags":{"references":["var.tags"]}},"schema_version":0,"count_expression":{"references":["local.create_eks","var.create_fargate_pod_execution_role"]},"raw_data":{"FileName":".terraform/modules/my-cluster/modules/fargate/fargate.tf","StartLine":1,"EndLine":8}},{"address":"aws_iam_role_policy_attachment.eks_fargate_pod","mode":"managed","type":"aws_iam_role_policy_attachment","name":"eks_fargate_pod","provider_config_key":"fargate:aws","expressions":{"policy_arn":{"references":["var.iam_policy_arn_prefix"]},"role":{"references":["aws_iam_role.eks_fargate_pod[0]"]}},"schema_version":0,"count_expression":{"references":["local.create_eks","var.create_fargate_pod_execution_role"]},"raw_data":{"FileName":".terraform/modules/my-cluster/modules/fargate/fargate.tf","StartLine":10,"EndLine":14}},{"address":"data.aws_iam_policy_document.eks_fargate_pod_assume_role","mode":"data","type":"aws_iam_policy_document","name":"eks_fargate_pod_assume_role","provider_config_key":"fargate:aws","expressions":{"statement":[{"actions":{"constant_value":["sts:AssumeRole"]},"effect":{"constant_value":"Allow"},"principals":[{"identifiers":{"constant_value":["eks-fargate-pods.amazonaws.com"]},"type":{"constant_value":"Service"}}]}]},"schema_version":0,"count_expression":{"references":["local.create_eks","var.create_fargate_pod_execution_role"]},"raw_data":{"FileName":".terraform/modules/my-cluster/modules/fargate/data.tf","StartLine":1,"EndLine":12}},{"address":"data.aws_iam_role.custom_fargate_iam_role","mode":"data","type":"aws_iam_role","name":"custom_fargate_iam_role","provider_config_key":"fargate:aws","expressions":{"name":{"references":["var.fargate_pod_execution_role_name"]}},"schema_version":0,"count_expression":{"references":["local.create_eks","var.create_fargate_pod_execution_role"]},"raw_data":{"FileName":".terraform/modules/my-cluster/modules/fargate/data.tf","StartLine":14,"EndLine":17}}],"variables":{"cluster_name":{"description":"Name of the EKS cluster."},"create_eks":{"default":true,"description":"Controls if EKS resources should be created (it affects almost all resources)"},"create_fargate_pod_execution_role":{"default":true,"description":"Controls if the the IAM Role that provides permissions for the EKS Fargate Profile should be created."},"eks_depends_on":{"default":null,"description":"List of references to other resources this submodule depends on."},"fargate_pod_execution_role_name":{"default":null,"description":"The IAM Role that provides permissions for the EKS Fargate Profile."},"fargate_profiles":{"default":{},"description":"Fargate profiles to create. See `fargate_profile` keys section in README.md for more details"},"iam_path":{"default":"/","description":"IAM roles will be created on this path."},"iam_policy_arn_prefix":{"description":"IAM policy prefix with the correct AWS partition."},"permissions_boundary":{"default":null,"description":"If provided, all IAM roles will be created with this permissions boundary attached."},"subnets":{"default":[],"description":"A list of subnets for the EKS Fargate profiles."},"tags":{"default":{},"description":"A map of tags to add to all resources."}}},"raw_data":{"FileName":".terraform/modules/my-cluster/fargate.tf","StartLine":1,"EndLine":23}},"node_groups":{"source":"./modules/node_groups","expressions":{"cluster_name":{"references":["aws_eks_cluster.this"]},"create_eks":{"references":["var.create_eks"]},"default_iam_role_arn":{"references":["aws_iam_role.workers"]},"ng_depends_on":{"references":["aws_eks_cluster.this","kubernetes_config_map.aws_auth","aws_iam_role_policy_attachment.workers_AmazonEKSWorkerNodePolicy","aws_iam_role_policy_attachment.workers_AmazonEKS_CNI_Policy","aws_iam_role_policy_attachment.workers_AmazonEC2ContainerRegistryReadOnly"]},"node_groups":{"references":["var.node_groups"]},"node_groups_defaults":{"references":["var.node_groups_defaults"]},"tags":{"references":["var.tags"]},"worker_additional_security_group_ids":{"references":["var.worker_additional_security_group_ids"]},"worker_security_group_id":{"references":["local.worker_security_group_id"]},"workers_group_defaults":{"references":["local.workers_group_defaults"]}},"module":{"outputs":{"aws_auth_roles":{"expression":{"references":["local.node_groups_expanded","var.default_iam_role_arn"]},"description":"Roles for use in aws-auth ConfigMap"},"node_groups":{"expression":{"references":["aws_eks_node_group.workers"]},"description":"Outputs from EKS node groups. Map of maps, keyed by `var.node_groups` keys. See `aws_eks_node_group` Terraform documentation for values"}},"resources":[{"address":"aws_eks_node_group.workers","mode":"managed","type":"aws_eks_node_group","name":"workers","provider_config_key":"node_groups:aws","expressions":{"ami_type":{"references":["each.value"]},"capacity_type":{"references":["each.value"]},"cluster_name":{"references":["var.cluster_name"]},"disk_size":{"references":["each.value","each.value","each.value"]},"force_update_version":{"references":["each.value"]},"instance_types":{"references":["each.value","each.value"]},"labels":{"references":["var.node_groups_defaults","var.node_groups","each.key"]},"node_group_name":{"references":["each.value"]},"node_group_name_prefix":{"references":["each.value","local.node_groups_names","each.key"]},"node_role_arn":{"references":["each.value"]},"release_version":{"references":["each.value"]},"scaling_config":[{"desired_size":{"references":["each.value"]},"max_size":{"references":["each.value"]},"min_size":{"references":["each.value"]}}],"subnet_ids":{"references":["each.value"]},"tags":{"references":["var.tags","var.node_groups_defaults","var.node_groups","each.key"]},"version":{"references":["each.value"]}},"schema_version":0,"for_each_expression":{"references":["local.node_groups_expanded"]},"depends_on":["var.ng_depends_on"],"raw_data":{"FileName":".terraform/modules/my-cluster/modules/node_groups/node_groups.tf","StartLine":1,"EndLine":89}},{"address":"aws_launch_template.workers","mode":"managed","type":"aws_launch_template","name":"workers","provider_config_key":"node_groups:aws","expressions":{"block_device_mappings":[{"device_name":{"constant_value":"/dev/xvda"},"ebs":[{"delete_on_termination":{"constant_value":true},"volume_size":{"references":["each.value"]},"volume_type":{"references":["each.value"]}}]}],"description":{"references":["local.node_groups_names","each.key"]},"instance_type":{"references":["each.value","each.value"]},"key_name":{"references":["each.value"]},"monitoring":[{"enabled":{"references":["each.value"]}}],"name_prefix":{"references":["local.node_groups_names","each.key"]},"network_interfaces":[{"associate_public_ip_address":{"references":["each.value"]},"delete_on_termination":{"references":["each.value"]},"security_groups":{"references":["var.worker_security_group_id","var.worker_additional_security_group_ids","each.value"]}}],"tag_specifications":[{"resource_type":{"constant_value":"instance"},"tags":{"references":["var.tags","var.node_groups_defaults","var.node_groups","each.key","local.node_groups_names","each.key"]}},{"resource_type":{"constant_value":"volume"},"tags":{"references":["var.tags","var.node_groups_defaults","var.node_groups","each.key","local.node_groups_names","each.key"]}}],"tags":{"references":["var.tags","var.node_groups_defaults","var.node_groups","each.key"]},"update_default_version":{"constant_value":true},"user_data":{"references":["data.cloudinit_config.workers_userdata","each.key"]}},"schema_version":0,"for_each_expression":{"references":["local.node_groups_expanded"]},"raw_data":{"FileName":".terraform/modules/my-cluster/modules/node_groups/launch_template.tf","StartLine":25,"EndLine":112}},{"address":"data.cloudinit_config.workers_userdata","mode":"data","type":"cloudinit_config","name":"workers_userdata","provider_config_key":"node_groups:cloudinit","expressions":{"base64_encode":{"constant_value":true},"boundary":{"constant_value":"//"},"gzip":{"constant_value":false},"part":[{"content":{"references":["path.module","each.value","each.value"]},"content_type":{"constant_value":"text/x-shellscript"}}]},"schema_version":0,"for_each_expression":{"references":["local.node_groups_expanded"]},"raw_data":{"FileName":".terraform/modules/my-cluster/modules/node_groups/launch_template.tf","StartLine":1,"EndLine":17}}],"variables":{"cluster_name":{"description":"Name of parent cluster"},"create_eks":{"default":true,"description":"Controls if EKS resources should be created (it affects almost all resources)"},"default_iam_role_arn":{"description":"ARN of the default IAM worker role to use if one is not specified in `var.node_groups` or `var.node_groups_defaults`"},"ng_depends_on":{"default":null,"description":"List of references to other resources this submodule depends on"},"node_groups":{"default":{},"description":"Map of maps of `eks_node_groups` to create. See \"`node_groups` and `node_groups_defaults` keys\" section in README.md for more details"},"node_groups_defaults":{"description":"map of maps of node groups to create. See \"`node_groups` and `node_groups_defaults` keys\" section in README.md for more details"},"tags":{"description":"A map of tags to add to all resources"},"worker_additional_security_group_ids":{"default":[],"description":"A list of additional security group ids to attach to worker instances"},"worker_security_group_id":{"default":"","description":"If provided, all workers will be attached to this security group. If not given, a security group will be created with necessary ingress/egress to work with the EKS cluster."},"workers_group_defaults":{"description":"Workers group defaults from parent"}}},"raw_data":{"FileName":".terraform/modules/my-cluster/node_groups.tf","StartLine":1,"EndLine":25}}},"variables":{"attach_worker_cni_policy":{"default":true,"description":"Whether to attach the Amazon managed `AmazonEKS_CNI_Policy` IAM policy to the default worker IAM role. WARNING: If set `false` the permissions must be assigned to the `aws-node` DaemonSet pods via another method or nodes will not be able to join the cluster."},"aws_auth_additional_labels":{"default":{},"description":"Additional kubernetes labels applied on aws-auth ConfigMap"},"cluster_create_endpoint_private_access_sg_rule":{"default":false,"description":"Whether to create security group rules for the access to the Amazon EKS private API server endpoint. When is `true`, `cluster_endpoint_private_access_cidrs` must be setted."},"cluster_create_security_group":{"default":true,"description":"Whether to create a security group for the cluster or attach the cluster to `cluster_security_group_id`."},"cluster_create_timeout":{"default":"30m","description":"Timeout value when creating the EKS cluster."},"cluster_delete_timeout":{"default":"15m","description":"Timeout value when deleting the EKS cluster."},"cluster_egress_cidrs":{"default":["0.0.0.0/0"],"description":"List of CIDR blocks that are permitted for cluster egress traffic."},"cluster_enabled_log_types":{"default":[],"description":"A list of the desired control plane logging to enable. For more information, see Amazon EKS Control Plane Logging documentation (https://docs.aws.amazon.com/eks/latest/userguide/control-plane-logs.html)"},"cluster_encryption_config":{"default":[],"description":"Configuration block with encryption configuration for the cluster. See examples/secrets_encryption/main.tf for example format"},"cluster_endpoint_private_access":{"default":false,"description":"Indicates whether or not the Amazon EKS private API server endpoint is enabled."},"cluster_endpoint_private_access_cidrs":{"default":null,"description":"List of CIDR blocks which can access the Amazon EKS private API server endpoint. To use this `cluster_endpoint_private_access` and `cluster_create_endpoint_private_access_sg_rule` must be set to `true`."},"cluster_endpoint_private_access_sg":{"default":null,"description":"List of security group IDs which can access the Amazon EKS private API server endpoint. To use this `cluster_endpoint_private_access` and `cluster_create_endpoint_private_access_sg_rule` must be set to `true`."},"cluster_endpoint_public_access":{"default":true,"description":"Indicates whether or not the Amazon EKS public API server endpoint is enabled. When it's set to `false` ensure to have a proper private access with `cluster_endpoint_private_access = true`."},"cluster_endpoint_public_access_cidrs":{"default":["0.0.0.0/0"],"description":"List of CIDR blocks which can access the Amazon EKS public API server endpoint."},"cluster_iam_role_name":{"default":"","description":"IAM role name for the cluster. If manage_cluster_iam_resources is set to false, set this to reuse an existing IAM role. If manage_cluster_iam_resources is set to true, set this to force the created role name."},"cluster_log_kms_key_id":{"default":"","description":"If a KMS Key ARN is set, this key will be used to encrypt the corresponding log group. Please be sure that the KMS Key has an appropriate key policy (https://docs.aws.amazon.com/AmazonCloudWatch/latest/logs/encrypt-log-data-kms.html)"},"cluster_log_retention_in_days":{"default":90,"description":"Number of days to retain log events. Default retention - 90 days."},"cluster_name":{"description":"Name of the EKS cluster. Also used as a prefix in names of related resources."},"cluster_security_group_id":{"default":"","description":"If provided, the EKS cluster will be attached to this security group. If not given, a security group will be created with necessary ingress/egress to work with the workers"},"cluster_service_ipv4_cidr":{"default":null,"description":"service ipv4 cidr for the kubernetes cluster"},"cluster_version":{"description":"Kubernetes version to use for the EKS cluster."},"create_eks":{"default":true,"description":"Controls if EKS resources should be created (it affects almost all resources)"},"create_fargate_pod_execution_role":{"default":true,"description":"Controls if the EKS Fargate pod execution IAM role should be created."},"eks_oidc_root_ca_thumbprint":{"default":"9e99a48a9960b14926bb7f3b02e22da2b0ab7280","description":"Thumbprint of Root CA for EKS OIDC, Valid until 2037"},"enable_irsa":{"default":false,"description":"Whether to create OpenID Connect Provider for EKS to enable IRSA"},"fargate_pod_execution_role_name":{"default":null,"description":"The IAM Role that provides permissions for the EKS Fargate Profile."},"fargate_profiles":{"default":{},"description":"Fargate profiles to create. See `fargate_profile` keys section in fargate submodule's README.md for more details"},"iam_path":{"default":"/","description":"If provided, all IAM roles will be created on this path."},"kubeconfig_aws_authenticator_additional_args":{"default":[],"description":"Any additional arguments to pass to the authenticator such as the role to assume. e.g. [\"-r\", \"MyEksRole\"]."},"kubeconfig_aws_authenticator_command":{"default":"aws-iam-authenticator","description":"Command to use to fetch AWS EKS credentials."},"kubeconfig_aws_authenticator_command_args":{"default":[],"description":"Default arguments passed to the authenticator command. Defaults to [token -i $cluster_name]."},"kubeconfig_aws_authenticator_env_variables":{"default":{},"description":"Environment variables that should be used when executing the authenticator. e.g. { AWS_PROFILE = \"eks\"}."},"kubeconfig_file_permission":{"default":"0600","description":"File permission of the Kubectl config file containing cluster configuration saved to `kubeconfig_output_path.`"},"kubeconfig_name":{"default":"","description":"Override the default name used for items kubeconfig."},"kubeconfig_output_path":{"default":"./","description":"Where to save the Kubectl config file (if `write_kubeconfig = true`). Assumed to be a directory if the value ends with a forward slash `/`."},"manage_aws_auth":{"default":true,"description":"Whether to apply the aws-auth configmap file."},"manage_cluster_iam_resources":{"default":true,"description":"Whether to let the module manage cluster IAM resources. If set to false, cluster_iam_role_name must be specified."},"manage_worker_iam_resources":{"default":true,"description":"Whether to let the module manage worker IAM resources. If set to false, iam_instance_profile_name must be specified for workers."},"map_accounts":{"default":[],"description":"Additional AWS account numbers to add to the aws-auth configmap. See examples/basic/variables.tf for example format."},"map_roles":{"default":[],"description":"Additional IAM roles to add to the aws-auth configmap. See examples/basic/variables.tf for example format."},"map_users":{"default":[],"description":"Additional IAM users to add to the aws-auth configmap. See examples/basic/variables.tf for example format."},"node_groups":{"default":{},"description":"Map of map of node groups to create. See `node_groups` module's documentation for more details"},"node_groups_defaults":{"default":{},"description":"Map of values to be applied to all node groups. See `node_groups` module's documentation for more details"},"permissions_boundary":{"default":null,"description":"If provided, all IAM roles will be created with this permissions boundary attached."},"subnets":{"description":"A list of subnets to place the EKS cluster and workers within."},"tags":{"default":{},"description":"A map of tags to add to all resources. Tags added to launch configuration or templates override these values for ASG Tags only."},"vpc_id":{"description":"VPC where the cluster and workers will be deployed."},"wait_for_cluster_timeout":{"default":300,"description":"A timeout (in seconds) to wait for cluster to be available."},"worker_additional_security_group_ids":{"default":[],"description":"A list of additional security group ids to attach to worker instances"},"worker_ami_name_filter":{"default":"","description":"Name filter for AWS EKS worker AMI. If not provided, the latest official AMI for the specified 'cluster_version' is used."},"worker_ami_name_filter_windows":{"default":"","description":"Name filter for AWS EKS Windows worker AMI. If not provided, the latest official AMI for the specified 'cluster_version' is used."},"worker_ami_owner_id":{"default":"amazon","description":"The ID of the owner for the AMI to use for the AWS EKS workers. Valid values are an AWS account ID, 'self' (the current account), or an AWS owner alias (e.g. 'amazon', 'aws-marketplace', 'microsoft')."},"worker_ami_owner_id_windows":{"default":"amazon","description":"The ID of the owner for the AMI to use for the AWS EKS Windows workers. Valid values are an AWS account ID, 'self' (the current account), or an AWS owner alias (e.g. 'amazon', 'aws-marketplace', 'microsoft')."},"worker_create_cluster_primary_security_group_rules":{"default":false,"description":"Whether to create security group rules to allow communication between pods on workers and pods using the primary cluster security group."},"worker_create_initial_lifecycle_hooks":{"default":false,"description":"Whether to create initial lifecycle hooks provided in worker groups."},"worker_create_security_group":{"default":true,"description":"Whether to create a security group for the workers or attach the workers to `worker_security_group_id`."},"worker_groups":{"default":[],"description":"A list of maps defining worker group configurations to be defined using AWS Launch Configurations. See workers_group_defaults for valid keys."},"worker_groups_launch_template":{"default":[],"description":"A list of maps defining worker group configurations to be defined using AWS Launch Templates. See workers_group_defaults for valid keys."},"worker_security_group_id":{"default":"","description":"If provided, all workers will be attached to this security group. If not given, a security group will be created with necessary ingress/egress to work with the EKS cluster."},"worker_sg_ingress_from_port":{"default":1025,"description":"Minimum port number from which pods will accept communication. Must be changed to a lower value if some pods in your cluster will expose a port lower than 1025 (e.g. 22, 80, or 443)."},"workers_additional_policies":{"default":[],"description":"Additional policies to be added to workers"},"workers_egress_cidrs":{"default":["0.0.0.0/0"],"description":"List of CIDR blocks that are permitted for workers egress traffic."},"workers_group_defaults":{"default":{},"description":"Override default values for target groups. See workers_group_defaults_defaults in local.tf for valid keys."},"workers_role_name":{"default":"","description":"User defined workers role name."},"write_kubeconfig":{"default":true,"description":"Whether to write a Kubectl config file containing the cluster configuration. Saved to `kubeconfig_output_path`."}}},"version_constraint":"17.1.0","raw_data":{"FileName":"main.tf","StartLine":35,"EndLine":49}},"vpc":{"source":"terraform-aws-modules/vpc/aws","expressions":{"azs":{"constant_value":["us-east-1a","us-east-1b"]},"cidr":{"constant_value":"10.0.0.0/16"},"enable_nat_gateway":{"constant_value":true},"enable_vpn_gateway":{"constant_value":true},"name":{"constant_value":"test"},"private_subnets":{"constant_value":["10.0.1.0/24","10.0.2.0/24"]},"public_subnets":{"constant_value":["10.0.101.0/24","10.0.102.0/24"]}},"module":{"outputs":{"azs":{"expression":{"references":["var.azs"]},"description":"A list of availability zones specified as argument to this module"},"cgw_arns":{"expression":{"references":["aws_customer_gateway.this"]},"description":"List of ARNs of Customer Gateway"},"cgw_ids":{"expression":{"references":["aws_customer_gateway.this"]},"description":"List of IDs of Customer Gateway"},"database_internet_gateway_route_id":{"expression":{"references":["aws_route.database_internet_gateway"]},"description":"ID of the database internet gateway route."},"database_ipv6_egress_route_id":{"expression":{"references":["aws_route.database_ipv6_egress"]},"description":"ID of the database IPv6 egress route."},"database_nat_gateway_route_ids":{"expression":{"references":["aws_route.database_nat_gateway"]},"description":"List of IDs of the database nat gateway route."},"database_network_acl_arn":{"expression":{"references":["aws_network_acl.database"]},"description":"ARN of the database network ACL"},"database_network_acl_id":{"expression":{"references":["aws_network_acl.database"]},"description":"ID of the database network ACL"},"database_route_table_association_ids":{"expression":{"references":["aws_route_table_association.database"]},"description":"List of IDs of the database route table association"},"database_route_table_ids":{"expression":{"references":["aws_route_table.database","aws_route_table.database","aws_route_table.private"]},"description":"List of IDs of database route tables"},"database_subnet_arns":{"expression":{"references":["aws_subnet.database"]},"description":"List of ARNs of database subnets"},"database_subnet_group":{"expression":{"references":["aws_db_subnet_group.database"]},"description":"ID of database subnet group"},"database_subnet_group_name":{"expression":{"references":["aws_db_subnet_group.database"]},"description":"Name of database subnet group"},"database_subnets":{"expression":{"references":["aws_subnet.database"]},"description":"List of IDs of database subnets"},"database_subnets_cidr_blocks":{"expression":{"references":["aws_subnet.database"]},"description":"List of cidr_blocks of database subnets"},"database_subnets_ipv6_cidr_blocks":{"expression":{"references":["aws_subnet.database"]},"description":"List of IPv6 cidr_blocks of database subnets in an IPv6 enabled VPC"},"default_network_acl_id":{"expression":{"references":["aws_vpc.this"]},"description":"The ID of the default network ACL"},"default_route_table_id":{"expression":{"references":["aws_vpc.this"]},"description":"The ID of the default route table"},"default_security_group_id":{"expression":{"references":["aws_vpc.this"]},"description":"The ID of the security group created by default on VPC creation"},"default_vpc_arn":{"expression":{"references":["aws_default_vpc.this"]},"description":"The ARN of the Default VPC"},"default_vpc_cidr_block":{"expression":{"references":["aws_default_vpc.this"]},"description":"The CIDR block of the Default VPC"},"default_vpc_default_network_acl_id":{"expression":{"references":["aws_default_vpc.this"]},"description":"The ID of the default network ACL of the Default VPC"},"default_vpc_default_route_table_id":{"expression":{"references":["aws_default_vpc.this"]},"description":"The ID of the default route table of the Default VPC"},"default_vpc_default_security_group_id":{"expression":{"references":["aws_default_vpc.this"]},"description":"The ID of the security group created by default on Default VPC creation"},"default_vpc_enable_dns_hostnames":{"expression":{"references":["aws_default_vpc.this"]},"description":"Whether or not the Default VPC has DNS hostname support"},"default_vpc_enable_dns_support":{"expression":{"references":["aws_default_vpc.this"]},"description":"Whether or not the Default VPC has DNS support"},"default_vpc_id":{"expression":{"references":["aws_default_vpc.this"]},"description":"The ID of the Default VPC"},"default_vpc_instance_tenancy":{"expression":{"references":["aws_default_vpc.this"]},"description":"Tenancy of instances spin up within Default VPC"},"default_vpc_main_route_table_id":{"expression":{"references":["aws_default_vpc.this"]},"description":"The ID of the main route table associated with the Default VPC"},"egress_only_internet_gateway_id":{"expression":{"references":["aws_egress_only_internet_gateway.this"]},"description":"The ID of the egress only Internet Gateway"},"elasticache_network_acl_arn":{"expression":{"references":["aws_network_acl.elasticache"]},"description":"ARN of the elasticache network ACL"},"elasticache_network_acl_id":{"expression":{"references":["aws_network_acl.elasticache"]},"description":"ID of the elasticache network ACL"},"elasticache_route_table_association_ids":{"expression":{"references":["aws_route_table_association.elasticache"]},"description":"List of IDs of the elasticache route table association"},"elasticache_route_table_ids":{"expression":{"references":["aws_route_table.elasticache","aws_route_table.elasticache","aws_route_table.private"]},"description":"List of IDs of elasticache route tables"},"elasticache_subnet_arns":{"expression":{"references":["aws_subnet.elasticache"]},"description":"List of ARNs of elasticache subnets"},"elasticache_subnet_group":{"expression":{"references":["aws_elasticache_subnet_group.elasticache"]},"description":"ID of elasticache subnet group"},"elasticache_subnet_group_name":{"expression":{"references":["aws_elasticache_subnet_group.elasticache"]},"description":"Name of elasticache subnet group"},"elasticache_subnets":{"expression":{"references":["aws_subnet.elasticache"]},"description":"List of IDs of elasticache subnets"},"elasticache_subnets_cidr_blocks":{"expression":{"references":["aws_subnet.elasticache"]},"description":"List of cidr_blocks of elasticache subnets"},"elasticache_subnets_ipv6_cidr_blocks":{"expression":{"references":["aws_subnet.elasticache"]},"description":"List of IPv6 cidr_blocks of elasticache subnets in an IPv6 enabled VPC"},"igw_arn":{"expression":{"references":["aws_internet_gateway.this"]},"description":"The ARN of the Internet Gateway"},"igw_id":{"expression":{"references":["aws_internet_gateway.this"]},"description":"The ID of the Internet Gateway"},"intra_network_acl_arn":{"expression":{"references":["aws_network_acl.intra"]},"description":"ARN of the intra network ACL"},"intra_network_acl_id":{"expression":{"references":["aws_network_acl.intra"]},"description":"ID of the intra network ACL"},"intra_route_table_association_ids":{"expression":{"references":["aws_route_table_association.intra"]},"description":"List of IDs of the intra route table association"},"intra_route_table_ids":{"expression":{"references":["aws_route_table.intra"]},"description":"List of IDs of intra route tables"},"intra_subnet_arns":{"expression":{"references":["aws_subnet.intra"]},"description":"List of ARNs of intra subnets"},"intra_subnets":{"expression":{"references":["aws_subnet.intra"]},"description":"List of IDs of intra subnets"},"intra_subnets_cidr_blocks":{"expression":{"references":["aws_subnet.intra"]},"description":"List of cidr_blocks of intra subnets"},"intra_subnets_ipv6_cidr_blocks":{"expression":{"references":["aws_subnet.intra"]},"description":"List of IPv6 cidr_blocks of intra subnets in an IPv6 enabled VPC"},"name":{"expression":{"references":["var.name"]},"description":"The name of the VPC specified as argument to this module"},"nat_ids":{"expression":{"references":["aws_eip.nat"]},"description":"List of allocation ID of Elastic IPs created for AWS NAT Gateway"},"nat_public_ips":{"expression":{"references":["var.reuse_nat_ips","var.external_nat_ips","aws_eip.nat"]},"description":"List of public Elastic IPs created for AWS NAT Gateway"},"natgw_ids":{"expression":{"references":["aws_nat_gateway.this"]},"description":"List of NAT Gateway IDs"},"outpost_network_acl_arn":{"expression":{"references":["aws_network_acl.outpost"]},"description":"ARN of the outpost network ACL"},"outpost_network_acl_id":{"expression":{"references":["aws_network_acl.outpost"]},"description":"ID of the outpost network ACL"},"outpost_subnet_arns":{"expression":{"references":["aws_subnet.outpost"]},"description":"List of ARNs of outpost subnets"},"outpost_subnets":{"expression":{"references":["aws_subnet.outpost"]},"description":"List of IDs of outpost subnets"},"outpost_subnets_cidr_blocks":{"expression":{"references":["aws_subnet.outpost"]},"description":"List of cidr_blocks of outpost subnets"},"outpost_subnets_ipv6_cidr_blocks":{"expression":{"references":["aws_subnet.outpost"]},"description":"List of IPv6 cidr_blocks of outpost subnets in an IPv6 enabled VPC"},"private_ipv6_egress_route_ids":{"expression":{"references":["aws_route.private_ipv6_egress"]},"description":"List of IDs of the ipv6 egress route."},"private_nat_gateway_route_ids":{"expression":{"references":["aws_route.private_nat_gateway"]},"description":"List of IDs of the private nat gateway route."},"private_network_acl_arn":{"expression":{"references":["aws_network_acl.private"]},"description":"ARN of the private network ACL"},"private_network_acl_id":{"expression":{"references":["aws_network_acl.private"]},"description":"ID of the private network ACL"},"private_route_table_association_ids":{"expression":{"references":["aws_route_table_association.private"]},"description":"List of IDs of the private route table association"},"private_route_table_ids":{"expression":{"references":["aws_route_table.private"]},"description":"List of IDs of private route tables"},"private_subnet_arns":{"expression":{"references":["aws_subnet.private"]},"description":"List of ARNs of private subnets"},"private_subnets":{"expression":{"references":["aws_subnet.private"]},"description":"List of IDs of private subnets"},"private_subnets_cidr_blocks":{"expression":{"references":["aws_subnet.private"]},"description":"List of cidr_blocks of private subnets"},"private_subnets_ipv6_cidr_blocks":{"expression":{"references":["aws_subnet.private"]},"description":"List of IPv6 cidr_blocks of private subnets in an IPv6 enabled VPC"},"public_internet_gateway_ipv6_route_id":{"expression":{"references":["aws_route.public_internet_gateway_ipv6"]},"description":"ID of the IPv6 internet gateway route."},"public_internet_gateway_route_id":{"expression":{"references":["aws_route.public_internet_gateway"]},"description":"ID of the internet gateway route."},"public_network_acl_arn":{"expression":{"references":["aws_network_acl.public"]},"description":"ARN of the public network ACL"},"public_network_acl_id":{"expression":{"references":["aws_network_acl.public"]},"description":"ID of the public network ACL"},"public_route_table_association_ids":{"expression":{"references":["aws_route_table_association.public"]},"description":"List of IDs of the public route table association"},"public_route_table_ids":{"expression":{"references":["aws_route_table.public"]},"description":"List of IDs of public route tables"},"public_subnet_arns":{"expression":{"references":["aws_subnet.public"]},"description":"List of ARNs of public subnets"},"public_subnets":{"expression":{"references":["aws_subnet.public"]},"description":"List of IDs of public subnets"},"public_subnets_cidr_blocks":{"expression":{"references":["aws_subnet.public"]},"description":"List of cidr_blocks of public subnets"},"public_subnets_ipv6_cidr_blocks":{"expression":{"references":["aws_subnet.public"]},"description":"List of IPv6 cidr_blocks of public subnets in an IPv6 enabled VPC"},"redshift_network_acl_arn":{"expression":{"references":["aws_network_acl.redshift"]},"description":"ARN of the redshift network ACL"},"redshift_network_acl_id":{"expression":{"references":["aws_network_acl.redshift"]},"description":"ID of the redshift network ACL"},"redshift_public_route_table_association_ids":{"expression":{"references":["aws_route_table_association.redshift_public"]},"description":"List of IDs of the public redshidt route table association"},"redshift_route_table_association_ids":{"expression":{"references":["aws_route_table_association.redshift"]},"description":"List of IDs of the redshift route table association"},"redshift_route_table_ids":{"expression":{"references":["aws_route_table.redshift","aws_route_table.redshift","aws_route_table.private"]},"description":"List of IDs of redshift route tables"},"redshift_subnet_arns":{"expression":{"references":["aws_subnet.redshift"]},"description":"List of ARNs of redshift subnets"},"redshift_subnet_group":{"expression":{"references":["aws_redshift_subnet_group.redshift"]},"description":"ID of redshift subnet group"},"redshift_subnets":{"expression":{"references":["aws_subnet.redshift"]},"description":"List of IDs of redshift subnets"},"redshift_subnets_cidr_blocks":{"expression":{"references":["aws_subnet.redshift"]},"description":"List of cidr_blocks of redshift subnets"},"redshift_subnets_ipv6_cidr_blocks":{"expression":{"references":["aws_subnet.redshift"]},"description":"List of IPv6 cidr_blocks of redshift subnets in an IPv6 enabled VPC"},"this_customer_gateway":{"expression":{"references":["aws_customer_gateway.this"]},"description":"Map of Customer Gateway attributes"},"vgw_arn":{"expression":{"references":["aws_vpn_gateway.this"]},"description":"The ARN of the VPN Gateway"},"vgw_id":{"expression":{"references":["aws_vpn_gateway.this","aws_vpn_gateway_attachment.this"]},"description":"The ID of the VPN Gateway"},"vpc_arn":{"expression":{"references":["aws_vpc.this"]},"description":"The ARN of the VPC"},"vpc_cidr_block":{"expression":{"references":["aws_vpc.this"]},"description":"The CIDR block of the VPC"},"vpc_enable_dns_hostnames":{"expression":{"references":["aws_vpc.this"]},"description":"Whether or not the VPC has DNS hostname support"},"vpc_enable_dns_support":{"expression":{"references":["aws_vpc.this"]},"description":"Whether or not the VPC has DNS support"},"vpc_flow_log_cloudwatch_iam_role_arn":{"expression":{"references":["local.flow_log_iam_role_arn"]},"description":"The ARN of the IAM role used when pushing logs to Cloudwatch log group"},"vpc_flow_log_destination_arn":{"expression":{"references":["local.flow_log_destination_arn"]},"description":"The ARN of the destination for VPC Flow Logs"},"vpc_flow_log_destination_type":{"expression":{"references":["var.flow_log_destination_type"]},"description":"The type of the destination for VPC Flow Logs"},"vpc_flow_log_id":{"expression":{"references":["aws_flow_log.this"]},"description":"The ID of the Flow Log resource"},"vpc_id":{"expression":{"references":["aws_vpc.this"]},"description":"The ID of the VPC"},"vpc_instance_tenancy":{"expression":{"references":["aws_vpc.this"]},"description":"Tenancy of instances spin up within VPC"},"vpc_ipv6_association_id":{"expression":{"references":["aws_vpc.this"]},"description":"The association ID for the IPv6 CIDR block"},"vpc_ipv6_cidr_block":{"expression":{"references":["aws_vpc.this"]},"description":"The IPv6 CIDR block"},"vpc_main_route_table_id":{"expression":{"references":["aws_vpc.this"]},"description":"The ID of the main route table associated with this VPC"},"vpc_owner_id":{"expression":{"references":["aws_vpc.this"]},"description":"The ID of the AWS account that owns the VPC"},"vpc_secondary_cidr_blocks":{"expression":{"references":["aws_vpc_ipv4_cidr_block_association.this"]},"description":"List of secondary CIDR blocks of the VPC"}},"resources":[{"address":"aws_cloudwatch_log_group.flow_log","mode":"managed","type":"aws_cloudwatch_log_group","name":"flow_log","provider_config_key":"vpc:aws","expressions":{"kms_key_id":{"references":["var.flow_log_cloudwatch_log_group_kms_key_id"]},"name":{"references":["var.flow_log_cloudwatch_log_group_name_prefix","local.vpc_id"]},"retention_in_days":{"references":["var.flow_log_cloudwatch_log_group_retention_in_days"]},"tags":{"references":["var.tags","var.vpc_flow_log_tags"]}},"schema_version":0,"count_expression":{"references":["local.create_flow_log_cloudwatch_log_group"]},"raw_data":{"FileName":".terraform/modules/vpc/vpc-flow-logs.tf","StartLine":34,"EndLine":42}},{"address":"aws_customer_gateway.this","mode":"managed","type":"aws_customer_gateway","name":"this","provider_config_key":"vpc:aws","expressions":{"bgp_asn":{"references":["each.value"]},"ip_address":{"references":["each.value"]},"tags":{"references":["var.name","each.key","var.tags","var.customer_gateway_tags"]},"type":{"constant_value":"ipsec.1"}},"schema_version":0,"for_each_expression":{"references":["var.customer_gateways"]},"raw_data":{"FileName":".terraform/modules/vpc/main.tf","StartLine":1215,"EndLine":1229}},{"address":"aws_db_subnet_group.database","mode":"managed","type":"aws_db_subnet_group","name":"database","provider_config_key":"vpc:aws","expressions":{"description":{"references":["var.name"]},"name":{"references":["var.name"]},"subnet_ids":{"references":["aws_subnet.database"]},"tags":{"references":["var.name","var.tags","var.database_subnet_group_tags"]}},"schema_version":0,"count_expression":{"references":["var.create_vpc","var.database_subnets","var.create_database_subnet_group"]},"raw_data":{"FileName":".terraform/modules/vpc/main.tf","StartLine":481,"EndLine":495}},{"address":"aws_default_network_acl.this","mode":"managed","type":"aws_default_network_acl","name":"this","provider_config_key":"vpc:aws","expressions":{"default_network_acl_id":{"references":["aws_vpc.this"]},"subnet_ids":{"references":["aws_subnet.public","aws_subnet.private","aws_subnet.intra","aws_subnet.database","aws_subnet.redshift","aws_subnet.elasticache","aws_subnet.outpost","aws_network_acl.public","aws_network_acl.private","aws_network_acl.intra","aws_network_acl.database","aws_network_acl.redshift","aws_network_acl.elasticache","aws_network_acl.outpost"]},"tags":{"references":["var.default_network_acl_name","var.tags","var.default_network_acl_tags"]}},"schema_version":0,"count_expression":{"references":["var.create_vpc","var.manage_default_network_acl"]},"raw_data":{"FileName":".terraform/modules/vpc/main.tf","StartLine":609,"EndLine":673}},{"address":"aws_default_route_table.default","mode":"managed","type":"aws_default_route_table","name":"default","provider_config_key":"vpc:aws","expressions":{"default_route_table_id":{"references":["aws_vpc.this[0]"]},"propagating_vgws":{"references":["var.default_route_table_propagating_vgws"]},"tags":{"references":["var.name","var.tags","var.default_route_table_tags"]}},"schema_version":0,"count_expression":{"references":["var.create_vpc","var.manage_default_route_table"]},"raw_data":{"FileName":".terraform/modules/vpc/main.tf","StartLine":162,"EndLine":192}},{"address":"aws_default_security_group.this","mode":"managed","type":"aws_default_security_group","name":"this","provider_config_key":"vpc:aws","expressions":{"tags":{"references":["var.default_security_group_name","var.tags","var.default_security_group_tags"]},"vpc_id":{"references":["aws_vpc.this[0]"]}},"schema_version":1,"count_expression":{"references":["var.create_vpc","var.manage_default_security_group"]},"raw_data":{"FileName":".terraform/modules/vpc/main.tf","StartLine":53,"EndLine":95}},{"address":"aws_default_vpc.this","mode":"managed","type":"aws_default_vpc","name":"this","provider_config_key":"vpc:aws","expressions":{"enable_classiclink":{"references":["var.default_vpc_enable_classiclink"]},"enable_dns_hostnames":{"references":["var.default_vpc_enable_dns_hostnames"]},"enable_dns_support":{"references":["var.default_vpc_enable_dns_support"]},"tags":{"references":["var.default_vpc_name","var.tags","var.default_vpc_tags"]}},"schema_version":1,"count_expression":{"references":["var.manage_default_vpc"]},"raw_data":{"FileName":".terraform/modules/vpc/main.tf","StartLine":1301,"EndLine":1315}},{"address":"aws_egress_only_internet_gateway.this","mode":"managed","type":"aws_egress_only_internet_gateway","name":"this","provider_config_key":"vpc:aws","expressions":{"tags":{"references":["var.name","var.tags","var.igw_tags"]},"vpc_id":{"references":["local.vpc_id"]}},"schema_version":0,"count_expression":{"references":["var.create_vpc","var.create_egress_only_igw","var.enable_ipv6","local.max_subnet_length"]},"raw_data":{"FileName":".terraform/modules/vpc/main.tf","StartLine":144,"EndLine":156}},{"address":"aws_eip.nat","mode":"managed","type":"aws_eip","name":"nat","provider_config_key":"vpc:aws","expressions":{"tags":{"references":["var.name","var.azs","var.single_nat_gateway","count.index","var.tags","var.nat_eip_tags"]},"vpc":{"constant_value":true}},"schema_version":0,"count_expression":{"references":["var.create_vpc","var.enable_nat_gateway","var.reuse_nat_ips","local.nat_gateway_count"]},"raw_data":{"FileName":".terraform/modules/vpc/main.tf","StartLine":1065,"EndLine":1081}},{"address":"aws_elasticache_subnet_group.elasticache","mode":"managed","type":"aws_elasticache_subnet_group","name":"elasticache","provider_config_key":"vpc:aws","expressions":{"description":{"references":["var.name"]},"name":{"references":["var.name"]},"subnet_ids":{"references":["aws_subnet.elasticache"]}},"schema_version":0,"count_expression":{"references":["var.create_vpc","var.elasticache_subnets","var.create_elasticache_subnet_group"]},"raw_data":{"FileName":".terraform/modules/vpc/main.tf","StartLine":569,"EndLine":575}},{"address":"aws_flow_log.this","mode":"managed","type":"aws_flow_log","name":"this","provider_config_key":"vpc:aws","expressions":{"iam_role_arn":{"references":["local.flow_log_iam_role_arn"]},"log_destination":{"references":["local.flow_log_destination_arn"]},"log_destination_type":{"references":["var.flow_log_destination_type"]},"log_format":{"references":["var.flow_log_log_format"]},"max_aggregation_interval":{"references":["var.flow_log_max_aggregation_interval"]},"tags":{"references":["var.tags","var.vpc_flow_log_tags"]},"traffic_type":{"references":["var.flow_log_traffic_type"]},"vpc_id":{"references":["local.vpc_id"]}},"schema_version":0,"count_expression":{"references":["local.enable_flow_log"]},"raw_data":{"FileName":".terraform/modules/vpc/vpc-flow-logs.tf","StartLine":16,"EndLine":28}},{"address":"aws_iam_policy.vpc_flow_log_cloudwatch","mode":"managed","type":"aws_iam_policy","name":"vpc_flow_log_cloudwatch","provider_config_key":"vpc:aws","expressions":{"name_prefix":{"constant_value":"vpc-flow-log-to-cloudwatch-"},"policy":{"references":["data.aws_iam_policy_document.vpc_flow_log_cloudwatch[0]"]}},"schema_version":0,"count_expression":{"references":["local.create_flow_log_cloudwatch_iam_role"]},"raw_data":{"FileName":".terraform/modules/vpc/vpc-flow-logs.tf","StartLine":76,"EndLine":81}},{"address":"aws_iam_role.vpc_flow_log_cloudwatch","mode":"managed","type":"aws_iam_role","name":"vpc_flow_log_cloudwatch","provider_config_key":"vpc:aws","expressions":{"assume_role_policy":{"references":["data.aws_iam_policy_document.flow_log_cloudwatch_assume_role[0]"]},"name_prefix":{"constant_value":"vpc-flow-log-role-"},"permissions_boundary":{"references":["var.vpc_flow_log_permissions_boundary"]},"tags":{"references":["var.tags","var.vpc_flow_log_tags"]}},"schema_version":0,"count_expression":{"references":["local.create_flow_log_cloudwatch_iam_role"]},"raw_data":{"FileName":".terraform/modules/vpc/vpc-flow-logs.tf","StartLine":44,"EndLine":52}},{"address":"aws_iam_role_policy_attachment.vpc_flow_log_cloudwatch","mode":"managed","type":"aws_iam_role_policy_attachment","name":"vpc_flow_log_cloudwatch","provider_config_key":"vpc:aws","expressions":{"policy_arn":{"references":["aws_iam_policy.vpc_flow_log_cloudwatch[0]"]},"role":{"references":["aws_iam_role.vpc_flow_log_cloudwatch[0]"]}},"schema_version":0,"count_expression":{"references":["local.create_flow_log_cloudwatch_iam_role"]},"raw_data":{"FileName":".terraform/modules/vpc/vpc-flow-logs.tf","StartLine":69,"EndLine":74}},{"address":"aws_internet_gateway.this","mode":"managed","type":"aws_internet_gateway","name":"this","provider_config_key":"vpc:aws","expressions":{"tags":{"references":["var.name","var.tags","var.igw_tags"]},"vpc_id":{"references":["local.vpc_id"]}},"schema_version":0,"count_expression":{"references":["var.create_vpc","var.create_igw","var.public_subnets"]},"raw_data":{"FileName":".terraform/modules/vpc/main.tf","StartLine":130,"EndLine":142}},{"address":"aws_nat_gateway.this","mode":"managed","type":"aws_nat_gateway","name":"this","provider_config_key":"vpc:aws","expressions":{"allocation_id":{"references":["local.nat_gateway_ips","var.single_nat_gateway","count.index"]},"subnet_id":{"references":["aws_subnet.public","var.single_nat_gateway","count.index"]},"tags":{"references":["var.name","var.azs","var.single_nat_gateway","count.index","var.tags","var.nat_gateway_tags"]}},"schema_version":0,"count_expression":{"references":["var.create_vpc","var.enable_nat_gateway","local.nat_gateway_count"]},"depends_on":["aws_internet_gateway.this"],"raw_data":{"FileName":".terraform/modules/vpc/main.tf","StartLine":1083,"EndLine":1108}},{"address":"aws_network_acl.database","mode":"managed","type":"aws_network_acl","name":"database","provider_config_key":"vpc:aws","expressions":{"subnet_ids":{"references":["aws_subnet.database"]},"tags":{"references":["var.database_subnet_suffix","var.name","var.tags","var.database_acl_tags"]},"vpc_id":{"references":["aws_vpc.this"]}},"schema_version":0,"count_expression":{"references":["var.create_vpc","var.database_dedicated_network_acl","var.database_subnets"]},"raw_data":{"FileName":".terraform/modules/vpc/main.tf","StartLine":891,"EndLine":904}},{"address":"aws_network_acl.elasticache","mode":"managed","type":"aws_network_acl","name":"elasticache","provider_config_key":"vpc:aws","expressions":{"subnet_ids":{"references":["aws_subnet.elasticache"]},"tags":{"references":["var.elasticache_subnet_suffix","var.name","var.tags","var.elasticache_acl_tags"]},"vpc_id":{"references":["aws_vpc.this"]}},"schema_version":0,"count_expression":{"references":["var.create_vpc","var.elasticache_dedicated_network_acl","var.elasticache_subnets"]},"raw_data":{"FileName":".terraform/modules/vpc/main.tf","StartLine":997,"EndLine":1010}},{"address":"aws_network_acl.intra","mode":"managed","type":"aws_network_acl","name":"intra","provider_config_key":"vpc:aws","expressions":{"subnet_ids":{"references":["aws_subnet.intra"]},"tags":{"references":["var.intra_subnet_suffix","var.name","var.tags","var.intra_acl_tags"]},"vpc_id":{"references":["aws_vpc.this"]}},"schema_version":0,"count_expression":{"references":["var.create_vpc","var.intra_dedicated_network_acl","var.intra_subnets"]},"raw_data":{"FileName":".terraform/modules/vpc/main.tf","StartLine":838,"EndLine":851}},{"address":"aws_network_acl.outpost","mode":"managed","type":"aws_network_acl","name":"outpost","provider_config_key":"vpc:aws","expressions":{"subnet_ids":{"references":["aws_subnet.outpost"]},"tags":{"references":["var.outpost_subnet_suffix","var.name","var.tags","var.outpost_acl_tags"]},"vpc_id":{"references":["aws_vpc.this"]}},"schema_version":0,"count_expression":{"references":["var.create_vpc","var.outpost_dedicated_network_acl","var.outpost_subnets"]},"raw_data":{"FileName":".terraform/modules/vpc/main.tf","StartLine":785,"EndLine":798}},{"address":"aws_network_acl.private","mode":"managed","type":"aws_network_acl","name":"private","provider_config_key":"vpc:aws","expressions":{"subnet_ids":{"references":["aws_subnet.private"]},"tags":{"references":["var.private_subnet_suffix","var.name","var.tags","var.private_acl_tags"]},"vpc_id":{"references":["aws_vpc.this"]}},"schema_version":0,"count_expression":{"references":["var.create_vpc","var.private_dedicated_network_acl","var.private_subnets"]},"raw_data":{"FileName":".terraform/modules/vpc/main.tf","StartLine":732,"EndLine":745}},{"address":"aws_network_acl.public","mode":"managed","type":"aws_network_acl","name":"public","provider_config_key":"vpc:aws","expressions":{"subnet_ids":{"references":["aws_subnet.public"]},"tags":{"references":["var.public_subnet_suffix","var.name","var.tags","var.public_acl_tags"]},"vpc_id":{"references":["aws_vpc.this"]}},"schema_version":0,"count_expression":{"references":["var.create_vpc","var.public_dedicated_network_acl","var.public_subnets"]},"raw_data":{"FileName":".terraform/modules/vpc/main.tf","StartLine":679,"EndLine":692}},{"address":"aws_network_acl.redshift","mode":"managed","type":"aws_network_acl","name":"redshift","provider_config_key":"vpc:aws","expressions":{"subnet_ids":{"references":["aws_subnet.redshift"]},"tags":{"references":["var.redshift_subnet_suffix","var.name","var.tags","var.redshift_acl_tags"]},"vpc_id":{"references":["aws_vpc.this"]}},"schema_version":0,"count_expression":{"references":["var.create_vpc","var.redshift_dedicated_network_acl","var.redshift_subnets"]},"raw_data":{"FileName":".terraform/modules/vpc/main.tf","StartLine":944,"EndLine":957}},{"address":"aws_network_acl_rule.database_inbound","mode":"managed","type":"aws_network_acl_rule","name":"database_inbound","provider_config_key":"vpc:aws","expressions":{"cidr_block":{"references":["var.database_inbound_acl_rules","count.index"]},"egress":{"constant_value":false},"from_port":{"references":["var.database_inbound_acl_rules","count.index"]},"icmp_code":{"references":["var.database_inbound_acl_rules","count.index"]},"icmp_type":{"references":["var.database_inbound_acl_rules","count.index"]},"ipv6_cidr_block":{"references":["var.database_inbound_acl_rules","count.index"]},"network_acl_id":{"references":["aws_network_acl.database[0]"]},"protocol":{"references":["var.database_inbound_acl_rules","count.index"]},"rule_action":{"references":["var.database_inbound_acl_rules","count.index"]},"rule_number":{"references":["var.database_inbound_acl_rules","count.index"]},"to_port":{"references":["var.database_inbound_acl_rules","count.index"]}},"schema_version":0,"count_expression":{"references":["var.create_vpc","var.database_dedicated_network_acl","var.database_subnets","var.database_inbound_acl_rules"]},"raw_data":{"FileName":".terraform/modules/vpc/main.tf","StartLine":906,"EndLine":921}},{"address":"aws_network_acl_rule.database_outbound","mode":"managed","type":"aws_network_acl_rule","name":"database_outbound","provider_config_key":"vpc:aws","expressions":{"cidr_block":{"references":["var.database_outbound_acl_rules","count.index"]},"egress":{"constant_value":true},"from_port":{"references":["var.database_outbound_acl_rules","count.index"]},"icmp_code":{"references":["var.database_outbound_acl_rules","count.index"]},"icmp_type":{"references":["var.database_outbound_acl_rules","count.index"]},"ipv6_cidr_block":{"references":["var.database_outbound_acl_rules","count.index"]},"network_acl_id":{"references":["aws_network_acl.database[0]"]},"protocol":{"references":["var.database_outbound_acl_rules","count.index"]},"rule_action":{"references":["var.database_outbound_acl_rules","count.index"]},"rule_number":{"references":["var.database_outbound_acl_rules","count.index"]},"to_port":{"references":["var.database_outbound_acl_rules","count.index"]}},"schema_version":0,"count_expression":{"references":["var.create_vpc","var.database_dedicated_network_acl","var.database_subnets","var.database_outbound_acl_rules"]},"raw_data":{"FileName":".terraform/modules/vpc/main.tf","StartLine":923,"EndLine":938}},{"address":"aws_network_acl_rule.elasticache_inbound","mode":"managed","type":"aws_network_acl_rule","name":"elasticache_inbound","provider_config_key":"vpc:aws","expressions":{"cidr_block":{"references":["var.elasticache_inbound_acl_rules","count.index"]},"egress":{"constant_value":false},"from_port":{"references":["var.elasticache_inbound_acl_rules","count.index"]},"icmp_code":{"references":["var.elasticache_inbound_acl_rules","count.index"]},"icmp_type":{"references":["var.elasticache_inbound_acl_rules","count.index"]},"ipv6_cidr_block":{"references":["var.elasticache_inbound_acl_rules","count.index"]},"network_acl_id":{"references":["aws_network_acl.elasticache[0]"]},"protocol":{"references":["var.elasticache_inbound_acl_rules","count.index"]},"rule_action":{"references":["var.elasticache_inbound_acl_rules","count.index"]},"rule_number":{"references":["var.elasticache_inbound_acl_rules","count.index"]},"to_port":{"references":["var.elasticache_inbound_acl_rules","count.index"]}},"schema_version":0,"count_expression":{"references":["var.create_vpc","var.elasticache_dedicated_network_acl","var.elasticache_subnets","var.elasticache_inbound_acl_rules"]},"raw_data":{"FileName":".terraform/modules/vpc/main.tf","StartLine":1012,"EndLine":1027}},{"address":"aws_network_acl_rule.elasticache_outbound","mode":"managed","type":"aws_network_acl_rule","name":"elasticache_outbound","provider_config_key":"vpc:aws","expressions":{"cidr_block":{"references":["var.elasticache_outbound_acl_rules","count.index"]},"egress":{"constant_value":true},"from_port":{"references":["var.elasticache_outbound_acl_rules","count.index"]},"icmp_code":{"references":["var.elasticache_outbound_acl_rules","count.index"]},"icmp_type":{"references":["var.elasticache_outbound_acl_rules","count.index"]},"ipv6_cidr_block":{"references":["var.elasticache_outbound_acl_rules","count.index"]},"network_acl_id":{"references":["aws_network_acl.elasticache[0]"]},"protocol":{"references":["var.elasticache_outbound_acl_rules","count.index"]},"rule_action":{"references":["var.elasticache_outbound_acl_rules","count.index"]},"rule_number":{"references":["var.elasticache_outbound_acl_rules","count.index"]},"to_port":{"references":["var.elasticache_outbound_acl_rules","count.index"]}},"schema_version":0,"count_expression":{"references":["var.create_vpc","var.elasticache_dedicated_network_acl","var.elasticache_subnets","var.elasticache_outbound_acl_rules"]},"raw_data":{"FileName":".terraform/modules/vpc/main.tf","StartLine":1029,"EndLine":1044}},{"address":"aws_network_acl_rule.intra_inbound","mode":"managed","type":"aws_network_acl_rule","name":"intra_inbound","provider_config_key":"vpc:aws","expressions":{"cidr_block":{"references":["var.intra_inbound_acl_rules","count.index"]},"egress":{"constant_value":false},"from_port":{"references":["var.intra_inbound_acl_rules","count.index"]},"icmp_code":{"references":["var.intra_inbound_acl_rules","count.index"]},"icmp_type":{"references":["var.intra_inbound_acl_rules","count.index"]},"ipv6_cidr_block":{"references":["var.intra_inbound_acl_rules","count.index"]},"network_acl_id":{"references":["aws_network_acl.intra[0]"]},"protocol":{"references":["var.intra_inbound_acl_rules","count.index"]},"rule_action":{"references":["var.intra_inbound_acl_rules","count.index"]},"rule_number":{"references":["var.intra_inbound_acl_rules","count.index"]},"to_port":{"references":["var.intra_inbound_acl_rules","count.index"]}},"schema_version":0,"count_expression":{"references":["var.create_vpc","var.intra_dedicated_network_acl","var.intra_subnets","var.intra_inbound_acl_rules"]},"raw_data":{"FileName":".terraform/modules/vpc/main.tf","StartLine":853,"EndLine":868}},{"address":"aws_network_acl_rule.intra_outbound","mode":"managed","type":"aws_network_acl_rule","name":"intra_outbound","provider_config_key":"vpc:aws","expressions":{"cidr_block":{"references":["var.intra_outbound_acl_rules","count.index"]},"egress":{"constant_value":true},"from_port":{"references":["var.intra_outbound_acl_rules","count.index"]},"icmp_code":{"references":["var.intra_outbound_acl_rules","count.index"]},"icmp_type":{"references":["var.intra_outbound_acl_rules","count.index"]},"ipv6_cidr_block":{"references":["var.intra_outbound_acl_rules","count.index"]},"network_acl_id":{"references":["aws_network_acl.intra[0]"]},"protocol":{"references":["var.intra_outbound_acl_rules","count.index"]},"rule_action":{"references":["var.intra_outbound_acl_rules","count.index"]},"rule_number":{"references":["var.intra_outbound_acl_rules","count.index"]},"to_port":{"references":["var.intra_outbound_acl_rules","count.index"]}},"schema_version":0,"count_expression":{"references":["var.create_vpc","var.intra_dedicated_network_acl","var.intra_subnets","var.intra_outbound_acl_rules"]},"raw_data":{"FileName":".terraform/modules/vpc/main.tf","StartLine":870,"EndLine":885}},{"address":"aws_network_acl_rule.outpost_inbound","mode":"managed","type":"aws_network_acl_rule","name":"outpost_inbound","provider_config_key":"vpc:aws","expressions":{"cidr_block":{"references":["var.outpost_inbound_acl_rules","count.index"]},"egress":{"constant_value":false},"from_port":{"references":["var.outpost_inbound_acl_rules","count.index"]},"icmp_code":{"references":["var.outpost_inbound_acl_rules","count.index"]},"icmp_type":{"references":["var.outpost_inbound_acl_rules","count.index"]},"ipv6_cidr_block":{"references":["var.outpost_inbound_acl_rules","count.index"]},"network_acl_id":{"references":["aws_network_acl.outpost[0]"]},"protocol":{"references":["var.outpost_inbound_acl_rules","count.index"]},"rule_action":{"references":["var.outpost_inbound_acl_rules","count.index"]},"rule_number":{"references":["var.outpost_inbound_acl_rules","count.index"]},"to_port":{"references":["var.outpost_inbound_acl_rules","count.index"]}},"schema_version":0,"count_expression":{"references":["var.create_vpc","var.outpost_dedicated_network_acl","var.outpost_subnets","var.outpost_inbound_acl_rules"]},"raw_data":{"FileName":".terraform/modules/vpc/main.tf","StartLine":800,"EndLine":815}},{"address":"aws_network_acl_rule.outpost_outbound","mode":"managed","type":"aws_network_acl_rule","name":"outpost_outbound","provider_config_key":"vpc:aws","expressions":{"cidr_block":{"references":["var.outpost_outbound_acl_rules","count.index"]},"egress":{"constant_value":true},"from_port":{"references":["var.outpost_outbound_acl_rules","count.index"]},"icmp_code":{"references":["var.outpost_outbound_acl_rules","count.index"]},"icmp_type":{"references":["var.outpost_outbound_acl_rules","count.index"]},"ipv6_cidr_block":{"references":["var.outpost_outbound_acl_rules","count.index"]},"network_acl_id":{"references":["aws_network_acl.outpost[0]"]},"protocol":{"references":["var.outpost_outbound_acl_rules","count.index"]},"rule_action":{"references":["var.outpost_outbound_acl_rules","count.index"]},"rule_number":{"references":["var.outpost_outbound_acl_rules","count.index"]},"to_port":{"references":["var.outpost_outbound_acl_rules","count.index"]}},"schema_version":0,"count_expression":{"references":["var.create_vpc","var.outpost_dedicated_network_acl","var.outpost_subnets","var.outpost_outbound_acl_rules"]},"raw_data":{"FileName":".terraform/modules/vpc/main.tf","StartLine":817,"EndLine":832}},{"address":"aws_network_acl_rule.private_inbound","mode":"managed","type":"aws_network_acl_rule","name":"private_inbound","provider_config_key":"vpc:aws","expressions":{"cidr_block":{"references":["var.private_inbound_acl_rules","count.index"]},"egress":{"constant_value":false},"from_port":{"references":["var.private_inbound_acl_rules","count.index"]},"icmp_code":{"references":["var.private_inbound_acl_rules","count.index"]},"icmp_type":{"references":["var.private_inbound_acl_rules","count.index"]},"ipv6_cidr_block":{"references":["var.private_inbound_acl_rules","count.index"]},"network_acl_id":{"references":["aws_network_acl.private[0]"]},"protocol":{"references":["var.private_inbound_acl_rules","count.index"]},"rule_action":{"references":["var.private_inbound_acl_rules","count.index"]},"rule_number":{"references":["var.private_inbound_acl_rules","count.index"]},"to_port":{"references":["var.private_inbound_acl_rules","count.index"]}},"schema_version":0,"count_expression":{"references":["var.create_vpc","var.private_dedicated_network_acl","var.private_subnets","var.private_inbound_acl_rules"]},"raw_data":{"FileName":".terraform/modules/vpc/main.tf","StartLine":747,"EndLine":762}},{"address":"aws_network_acl_rule.private_outbound","mode":"managed","type":"aws_network_acl_rule","name":"private_outbound","provider_config_key":"vpc:aws","expressions":{"cidr_block":{"references":["var.private_outbound_acl_rules","count.index"]},"egress":{"constant_value":true},"from_port":{"references":["var.private_outbound_acl_rules","count.index"]},"icmp_code":{"references":["var.private_outbound_acl_rules","count.index"]},"icmp_type":{"references":["var.private_outbound_acl_rules","count.index"]},"ipv6_cidr_block":{"references":["var.private_outbound_acl_rules","count.index"]},"network_acl_id":{"references":["aws_network_acl.private[0]"]},"protocol":{"references":["var.private_outbound_acl_rules","count.index"]},"rule_action":{"references":["var.private_outbound_acl_rules","count.index"]},"rule_number":{"references":["var.private_outbound_acl_rules","count.index"]},"to_port":{"references":["var.private_outbound_acl_rules","count.index"]}},"schema_version":0,"count_expression":{"references":["var.create_vpc","var.private_dedicated_network_acl","var.private_subnets","var.private_outbound_acl_rules"]},"raw_data":{"FileName":".terraform/modules/vpc/main.tf","StartLine":764,"EndLine":779}},{"address":"aws_network_acl_rule.public_inbound","mode":"managed","type":"aws_network_acl_rule","name":"public_inbound","provider_config_key":"vpc:aws","expressions":{"cidr_block":{"references":["var.public_inbound_acl_rules","count.index"]},"egress":{"constant_value":false},"from_port":{"references":["var.public_inbound_acl_rules","count.index"]},"icmp_code":{"references":["var.public_inbound_acl_rules","count.index"]},"icmp_type":{"references":["var.public_inbound_acl_rules","count.index"]},"ipv6_cidr_block":{"references":["var.public_inbound_acl_rules","count.index"]},"network_acl_id":{"references":["aws_network_acl.public[0]"]},"protocol":{"references":["var.public_inbound_acl_rules","count.index"]},"rule_action":{"references":["var.public_inbound_acl_rules","count.index"]},"rule_number":{"references":["var.public_inbound_acl_rules","count.index"]},"to_port":{"references":["var.public_inbound_acl_rules","count.index"]}},"schema_version":0,"count_expression":{"references":["var.create_vpc","var.public_dedicated_network_acl","var.public_subnets","var.public_inbound_acl_rules"]},"raw_data":{"FileName":".terraform/modules/vpc/main.tf","StartLine":694,"EndLine":709}},{"address":"aws_network_acl_rule.public_outbound","mode":"managed","type":"aws_network_acl_rule","name":"public_outbound","provider_config_key":"vpc:aws","expressions":{"cidr_block":{"references":["var.public_outbound_acl_rules","count.index"]},"egress":{"constant_value":true},"from_port":{"references":["var.public_outbound_acl_rules","count.index"]},"icmp_code":{"references":["var.public_outbound_acl_rules","count.index"]},"icmp_type":{"references":["var.public_outbound_acl_rules","count.index"]},"ipv6_cidr_block":{"references":["var.public_outbound_acl_rules","count.index"]},"network_acl_id":{"references":["aws_network_acl.public[0]"]},"protocol":{"references":["var.public_outbound_acl_rules","count.index"]},"rule_action":{"references":["var.public_outbound_acl_rules","count.index"]},"rule_number":{"references":["var.public_outbound_acl_rules","count.index"]},"to_port":{"references":["var.public_outbound_acl_rules","count.index"]}},"schema_version":0,"count_expression":{"references":["var.create_vpc","var.public_dedicated_network_acl","var.public_subnets","var.public_outbound_acl_rules"]},"raw_data":{"FileName":".terraform/modules/vpc/main.tf","StartLine":711,"EndLine":726}},{"address":"aws_network_acl_rule.redshift_inbound","mode":"managed","type":"aws_network_acl_rule","name":"redshift_inbound","provider_config_key":"vpc:aws","expressions":{"cidr_block":{"references":["var.redshift_inbound_acl_rules","count.index"]},"egress":{"constant_value":false},"from_port":{"references":["var.redshift_inbound_acl_rules","count.index"]},"icmp_code":{"references":["var.redshift_inbound_acl_rules","count.index"]},"icmp_type":{"references":["var.redshift_inbound_acl_rules","count.index"]},"ipv6_cidr_block":{"references":["var.redshift_inbound_acl_rules","count.index"]},"network_acl_id":{"references":["aws_network_acl.redshift[0]"]},"protocol":{"references":["var.redshift_inbound_acl_rules","count.index"]},"rule_action":{"references":["var.redshift_inbound_acl_rules","count.index"]},"rule_number":{"references":["var.redshift_inbound_acl_rules","count.index"]},"to_port":{"references":["var.redshift_inbound_acl_rules","count.index"]}},"schema_version":0,"count_expression":{"references":["var.create_vpc","var.redshift_dedicated_network_acl","var.redshift_subnets","var.redshift_inbound_acl_rules"]},"raw_data":{"FileName":".terraform/modules/vpc/main.tf","StartLine":959,"EndLine":974}},{"address":"aws_network_acl_rule.redshift_outbound","mode":"managed","type":"aws_network_acl_rule","name":"redshift_outbound","provider_config_key":"vpc:aws","expressions":{"cidr_block":{"references":["var.redshift_outbound_acl_rules","count.index"]},"egress":{"constant_value":true},"from_port":{"references":["var.redshift_outbound_acl_rules","count.index"]},"icmp_code":{"references":["var.redshift_outbound_acl_rules","count.index"]},"icmp_type":{"references":["var.redshift_outbound_acl_rules","count.index"]},"ipv6_cidr_block":{"references":["var.redshift_outbound_acl_rules","count.index"]},"network_acl_id":{"references":["aws_network_acl.redshift[0]"]},"protocol":{"references":["var.redshift_outbound_acl_rules","count.index"]},"rule_action":{"references":["var.redshift_outbound_acl_rules","count.index"]},"rule_number":{"references":["var.redshift_outbound_acl_rules","count.index"]},"to_port":{"references":["var.redshift_outbound_acl_rules","count.index"]}},"schema_version":0,"count_expression":{"references":["var.create_vpc","var.redshift_dedicated_network_acl","var.redshift_subnets","var.redshift_outbound_acl_rules"]},"raw_data":{"FileName":".terraform/modules/vpc/main.tf","StartLine":976,"EndLine":991}},{"address":"aws_redshift_subnet_group.redshift","mode":"managed","type":"aws_redshift_subnet_group","name":"redshift","provider_config_key":"vpc:aws","expressions":{"description":{"references":["var.name"]},"name":{"references":["var.name"]},"subnet_ids":{"references":["aws_subnet.redshift"]},"tags":{"references":["var.name","var.tags","var.redshift_subnet_group_tags"]}},"schema_version":0,"count_expression":{"references":["var.create_vpc","var.redshift_subnets","var.create_redshift_subnet_group"]},"raw_data":{"FileName":".terraform/modules/vpc/main.tf","StartLine":525,"EndLine":539}},{"address":"aws_route.database_internet_gateway","mode":"managed","type":"aws_route","name":"database_internet_gateway","provider_config_key":"vpc:aws","expressions":{"destination_cidr_block":{"constant_value":"0.0.0.0/0"},"gateway_id":{"references":["aws_internet_gateway.this[0]"]},"route_table_id":{"references":["aws_route_table.database[0]"]},"timeouts":{"create":{"constant_value":"5m"}}},"schema_version":0,"count_expression":{"references":["var.create_vpc","var.create_igw","var.create_database_subnet_route_table","var.database_subnets","var.create_database_internet_gateway_route","var.create_database_nat_gateway_route"]},"raw_data":{"FileName":".terraform/modules/vpc/main.tf","StartLine":277,"EndLine":287}},{"address":"aws_route.database_ipv6_egress","mode":"managed","type":"aws_route","name":"database_ipv6_egress","provider_config_key":"vpc:aws","expressions":{"destination_ipv6_cidr_block":{"constant_value":"::/0"},"egress_only_gateway_id":{"references":["aws_egress_only_internet_gateway.this[0]"]},"route_table_id":{"references":["aws_route_table.database[0]"]},"timeouts":{"create":{"constant_value":"5m"}}},"schema_version":0,"count_expression":{"references":["var.create_vpc","var.create_egress_only_igw","var.enable_ipv6","var.create_database_subnet_route_table","var.database_subnets","var.create_database_internet_gateway_route"]},"raw_data":{"FileName":".terraform/modules/vpc/main.tf","StartLine":301,"EndLine":311}},{"address":"aws_route.database_nat_gateway","mode":"managed","type":"aws_route","name":"database_nat_gateway","provider_config_key":"vpc:aws","expressions":{"destination_cidr_block":{"constant_value":"0.0.0.0/0"},"nat_gateway_id":{"references":["aws_nat_gateway.this","count.index"]},"route_table_id":{"references":["aws_route_table.database","count.index"]},"timeouts":{"create":{"constant_value":"5m"}}},"schema_version":0,"count_expression":{"references":["var.create_vpc","var.create_database_subnet_route_table","var.database_subnets","var.create_database_internet_gateway_route","var.create_database_nat_gateway_route","var.enable_nat_gateway","var.single_nat_gateway","var.database_subnets"]},"raw_data":{"FileName":".terraform/modules/vpc/main.tf","StartLine":289,"EndLine":299}},{"address":"aws_route.private_ipv6_egress","mode":"managed","type":"aws_route","name":"private_ipv6_egress","provider_config_key":"vpc:aws","expressions":{"destination_ipv6_cidr_block":{"constant_value":"::/0"},"egress_only_gateway_id":{"references":["aws_egress_only_internet_gateway.this"]},"route_table_id":{"references":["aws_route_table.private","count.index"]}},"schema_version":0,"count_expression":{"references":["var.create_vpc","var.create_egress_only_igw","var.enable_ipv6","var.private_subnets"]},"raw_data":{"FileName":".terraform/modules/vpc/main.tf","StartLine":1122,"EndLine":1128}},{"address":"aws_route.private_nat_gateway","mode":"managed","type":"aws_route","name":"private_nat_gateway","provider_config_key":"vpc:aws","expressions":{"destination_cidr_block":{"constant_value":"0.0.0.0/0"},"nat_gateway_id":{"references":["aws_nat_gateway.this","count.index"]},"route_table_id":{"references":["aws_route_table.private","count.index"]},"timeouts":{"create":{"constant_value":"5m"}}},"schema_version":0,"count_expression":{"references":["var.create_vpc","var.enable_nat_gateway","local.nat_gateway_count"]},"raw_data":{"FileName":".terraform/modules/vpc/main.tf","StartLine":1110,"EndLine":1120}},{"address":"aws_route.public_internet_gateway","mode":"managed","type":"aws_route","name":"public_internet_gateway","provider_config_key":"vpc:aws","expressions":{"destination_cidr_block":{"constant_value":"0.0.0.0/0"},"gateway_id":{"references":["aws_internet_gateway.this[0]"]},"route_table_id":{"references":["aws_route_table.public[0]"]},"timeouts":{"create":{"constant_value":"5m"}}},"schema_version":0,"count_expression":{"references":["var.create_vpc","var.create_igw","var.public_subnets"]},"raw_data":{"FileName":".terraform/modules/vpc/main.tf","StartLine":212,"EndLine":222}},{"address":"aws_route.public_internet_gateway_ipv6","mode":"managed","type":"aws_route","name":"public_internet_gateway_ipv6","provider_config_key":"vpc:aws","expressions":{"destination_ipv6_cidr_block":{"constant_value":"::/0"},"gateway_id":{"references":["aws_internet_gateway.this[0]"]},"route_table_id":{"references":["aws_route_table.public[0]"]}},"schema_version":0,"count_expression":{"references":["var.create_vpc","var.create_igw","var.enable_ipv6","var.public_subnets"]},"raw_data":{"FileName":".terraform/modules/vpc/main.tf","StartLine":224,"EndLine":230}},{"address":"aws_route_table.database","mode":"managed","type":"aws_route_table","name":"database","provider_config_key":"vpc:aws","expressions":{"tags":{"references":["var.single_nat_gateway","var.create_database_internet_gateway_route","var.name","var.database_subnet_suffix","var.database_subnet_suffix","var.name","var.azs","count.index","var.tags","var.database_route_table_tags"]},"vpc_id":{"references":["local.vpc_id"]}},"schema_version":0,"count_expression":{"references":["var.create_vpc","var.create_database_subnet_route_table","var.database_subnets","var.single_nat_gateway","var.create_database_internet_gateway_route","var.database_subnets"]},"raw_data":{"FileName":".terraform/modules/vpc/main.tf","StartLine":259,"EndLine":275}},{"address":"aws_route_table.elasticache","mode":"managed","type":"aws_route_table","name":"elasticache","provider_config_key":"vpc:aws","expressions":{"tags":{"references":["var.name","var.elasticache_subnet_suffix","var.tags","var.elasticache_route_table_tags"]},"vpc_id":{"references":["local.vpc_id"]}},"schema_version":0,"count_expression":{"references":["var.create_vpc","var.create_elasticache_subnet_route_table","var.elasticache_subnets"]},"raw_data":{"FileName":".terraform/modules/vpc/main.tf","StartLine":335,"EndLine":347}},{"address":"aws_route_table.intra","mode":"managed","type":"aws_route_table","name":"intra","provider_config_key":"vpc:aws","expressions":{"tags":{"references":["var.name","var.intra_subnet_suffix","var.tags","var.intra_route_table_tags"]},"vpc_id":{"references":["local.vpc_id"]}},"schema_version":0,"count_expression":{"references":["var.create_vpc","var.intra_subnets"]},"raw_data":{"FileName":".terraform/modules/vpc/main.tf","StartLine":353,"EndLine":365}},{"address":"aws_route_table.private","mode":"managed","type":"aws_route_table","name":"private","provider_config_key":"vpc:aws","expressions":{"tags":{"references":["var.single_nat_gateway","var.name","var.private_subnet_suffix","var.private_subnet_suffix","var.name","var.azs","count.index","var.tags","var.private_route_table_tags"]},"vpc_id":{"references":["local.vpc_id"]}},"schema_version":0,"count_expression":{"references":["var.create_vpc","local.max_subnet_length","local.nat_gateway_count"]},"raw_data":{"FileName":".terraform/modules/vpc/main.tf","StartLine":237,"EndLine":253}},{"address":"aws_route_table.public","mode":"managed","type":"aws_route_table","name":"public","provider_config_key":"vpc:aws","expressions":{"tags":{"references":["var.public_subnet_suffix","var.name","var.tags","var.public_route_table_tags"]},"vpc_id":{"references":["local.vpc_id"]}},"schema_version":0,"count_expression":{"references":["var.create_vpc","var.public_subnets"]},"raw_data":{"FileName":".terraform/modules/vpc/main.tf","StartLine":198,"EndLine":210}},{"address":"aws_route_table.redshift","mode":"managed","type":"aws_route_table","name":"redshift","provider_config_key":"vpc:aws","expressions":{"tags":{"references":["var.name","var.redshift_subnet_suffix","var.tags","var.redshift_route_table_tags"]},"vpc_id":{"references":["local.vpc_id"]}},"schema_version":0,"count_expression":{"references":["var.create_vpc","var.create_redshift_subnet_route_table","var.redshift_subnets"]},"raw_data":{"FileName":".terraform/modules/vpc/main.tf","StartLine":317,"EndLine":329}},{"address":"aws_route_table_association.database","mode":"managed","type":"aws_route_table_association","name":"database","provider_config_key":"vpc:aws","expressions":{"route_table_id":{"references":["aws_route_table.database","aws_route_table.private","var.create_database_subnet_route_table","var.single_nat_gateway","var.create_database_internet_gateway_route","count.index","count.index"]},"subnet_id":{"references":["aws_subnet.database","count.index"]}},"schema_version":0,"count_expression":{"references":["var.create_vpc","var.database_subnets","var.database_subnets"]},"raw_data":{"FileName":".terraform/modules/vpc/main.tf","StartLine":1154,"EndLine":1162}},{"address":"aws_route_table_association.elasticache","mode":"managed","type":"aws_route_table_association","name":"elasticache","provider_config_key":"vpc:aws","expressions":{"route_table_id":{"references":["aws_route_table.elasticache","aws_route_table.private","var.single_nat_gateway","var.create_elasticache_subnet_route_table","count.index"]},"subnet_id":{"references":["aws_subnet.elasticache","count.index"]}},"schema_version":0,"count_expression":{"references":["var.create_vpc","var.elasticache_subnets","var.elasticache_subnets"]},"raw_data":{"FileName":".terraform/modules/vpc/main.tf","StartLine":1184,"EndLine":1195}},{"address":"aws_route_table_association.intra","mode":"managed","type":"aws_route_table_association","name":"intra","provider_config_key":"vpc:aws","expressions":{"route_table_id":{"references":["aws_route_table.intra"]},"subnet_id":{"references":["aws_subnet.intra","count.index"]}},"schema_version":0,"count_expression":{"references":["var.create_vpc","var.intra_subnets","var.intra_subnets"]},"raw_data":{"FileName":".terraform/modules/vpc/main.tf","StartLine":1197,"EndLine":1202}},{"address":"aws_route_table_association.outpost","mode":"managed","type":"aws_route_table_association","name":"outpost","provider_config_key":"vpc:aws","expressions":{"route_table_id":{"references":["aws_route_table.private","var.single_nat_gateway","count.index"]},"subnet_id":{"references":["aws_subnet.outpost","count.index"]}},"schema_version":0,"count_expression":{"references":["var.create_vpc","var.outpost_subnets","var.outpost_subnets"]},"raw_data":{"FileName":".terraform/modules/vpc/main.tf","StartLine":1144,"EndLine":1152}},{"address":"aws_route_table_association.private","mode":"managed","type":"aws_route_table_association","name":"private","provider_config_key":"vpc:aws","expressions":{"route_table_id":{"references":["aws_route_table.private","var.single_nat_gateway","count.index"]},"subnet_id":{"references":["aws_subnet.private","count.index"]}},"schema_version":0,"count_expression":{"references":["var.create_vpc","var.private_subnets","var.private_subnets"]},"raw_data":{"FileName":".terraform/modules/vpc/main.tf","StartLine":1134,"EndLine":1142}},{"address":"aws_route_table_association.public","mode":"managed","type":"aws_route_table_association","name":"public","provider_config_key":"vpc:aws","expressions":{"route_table_id":{"references":["aws_route_table.public[0]"]},"subnet_id":{"references":["aws_subnet.public","count.index"]}},"schema_version":0,"count_expression":{"references":["var.create_vpc","var.public_subnets","var.public_subnets"]},"raw_data":{"FileName":".terraform/modules/vpc/main.tf","StartLine":1204,"EndLine":1209}},{"address":"aws_route_table_association.redshift","mode":"managed","type":"aws_route_table_association","name":"redshift","provider_config_key":"vpc:aws","expressions":{"route_table_id":{"references":["aws_route_table.redshift","aws_route_table.private","var.single_nat_gateway","var.create_redshift_subnet_route_table","count.index"]},"subnet_id":{"references":["aws_subnet.redshift","count.index"]}},"schema_version":0,"count_expression":{"references":["var.create_vpc","var.redshift_subnets","var.enable_public_redshift","var.redshift_subnets"]},"raw_data":{"FileName":".terraform/modules/vpc/main.tf","StartLine":1164,"EndLine":1172}},{"address":"aws_route_table_association.redshift_public","mode":"managed","type":"aws_route_table_association","name":"redshift_public","provider_config_key":"vpc:aws","expressions":{"route_table_id":{"references":["aws_route_table.redshift","aws_route_table.public","var.single_nat_gateway","var.create_redshift_subnet_route_table","count.index"]},"subnet_id":{"references":["aws_subnet.redshift","count.index"]}},"schema_version":0,"count_expression":{"references":["var.create_vpc","var.redshift_subnets","var.enable_public_redshift","var.redshift_subnets"]},"raw_data":{"FileName":".terraform/modules/vpc/main.tf","StartLine":1174,"EndLine":1182}},{"address":"aws_subnet.database","mode":"managed","type":"aws_subnet","name":"database","provider_config_key":"vpc:aws","expressions":{"assign_ipv6_address_on_creation":{"references":["var.database_subnet_assign_ipv6_address_on_creation","var.assign_ipv6_address_on_creation","var.database_subnet_assign_ipv6_address_on_creation"]},"availability_zone":{"references":["var.azs","count.index","var.azs","count.index"]},"availability_zone_id":{"references":["var.azs","count.index","var.azs","count.index"]},"cidr_block":{"references":["var.database_subnets","count.index"]},"ipv6_cidr_block":{"references":["var.enable_ipv6","var.database_subnet_ipv6_prefixes","aws_vpc.this[0]","var.database_subnet_ipv6_prefixes","count.index"]},"tags":{"references":["var.database_subnet_suffix","var.name","var.azs","count.index","var.tags","var.database_subnet_tags"]},"vpc_id":{"references":["local.vpc_id"]}},"schema_version":1,"count_expression":{"references":["var.create_vpc","var.database_subnets","var.database_subnets"]},"raw_data":{"FileName":".terraform/modules/vpc/main.tf","StartLine":457,"EndLine":479}},{"address":"aws_subnet.elasticache","mode":"managed","type":"aws_subnet","name":"elasticache","provider_config_key":"vpc:aws","expressions":{"assign_ipv6_address_on_creation":{"references":["var.elasticache_subnet_assign_ipv6_address_on_creation","var.assign_ipv6_address_on_creation","var.elasticache_subnet_assign_ipv6_address_on_creation"]},"availability_zone":{"references":["var.azs","count.index","var.azs","count.index"]},"availability_zone_id":{"references":["var.azs","count.index","var.azs","count.index"]},"cidr_block":{"references":["var.elasticache_subnets","count.index"]},"ipv6_cidr_block":{"references":["var.enable_ipv6","var.elasticache_subnet_ipv6_prefixes","aws_vpc.this[0]","var.elasticache_subnet_ipv6_prefixes","count.index"]},"tags":{"references":["var.elasticache_subnet_suffix","var.name","var.azs","count.index","var.tags","var.elasticache_subnet_tags"]},"vpc_id":{"references":["local.vpc_id"]}},"schema_version":1,"count_expression":{"references":["var.create_vpc","var.elasticache_subnets","var.elasticache_subnets"]},"raw_data":{"FileName":".terraform/modules/vpc/main.tf","StartLine":545,"EndLine":567}},{"address":"aws_subnet.intra","mode":"managed","type":"aws_subnet","name":"intra","provider_config_key":"vpc:aws","expressions":{"assign_ipv6_address_on_creation":{"references":["var.intra_subnet_assign_ipv6_address_on_creation","var.assign_ipv6_address_on_creation","var.intra_subnet_assign_ipv6_address_on_creation"]},"availability_zone":{"references":["var.azs","count.index","var.azs","count.index"]},"availability_zone_id":{"references":["var.azs","count.index","var.azs","count.index"]},"cidr_block":{"references":["var.intra_subnets","count.index"]},"ipv6_cidr_block":{"references":["var.enable_ipv6","var.intra_subnet_ipv6_prefixes","aws_vpc.this[0]","var.intra_subnet_ipv6_prefixes","count.index"]},"tags":{"references":["var.intra_subnet_suffix","var.name","var.azs","count.index","var.tags","var.intra_subnet_tags"]},"vpc_id":{"references":["local.vpc_id"]}},"schema_version":1,"count_expression":{"references":["var.create_vpc","var.intra_subnets","var.intra_subnets"]},"raw_data":{"FileName":".terraform/modules/vpc/main.tf","StartLine":581,"EndLine":603}},{"address":"aws_subnet.outpost","mode":"managed","type":"aws_subnet","name":"outpost","provider_config_key":"vpc:aws","expressions":{"assign_ipv6_address_on_creation":{"references":["var.outpost_subnet_assign_ipv6_address_on_creation","var.assign_ipv6_address_on_creation","var.outpost_subnet_assign_ipv6_address_on_creation"]},"availability_zone":{"references":["var.outpost_az"]},"cidr_block":{"references":["var.outpost_subnets","count.index"]},"ipv6_cidr_block":{"references":["var.enable_ipv6","var.outpost_subnet_ipv6_prefixes","aws_vpc.this[0]","var.outpost_subnet_ipv6_prefixes","count.index"]},"outpost_arn":{"references":["var.outpost_arn"]},"tags":{"references":["var.outpost_subnet_suffix","var.name","var.outpost_az","var.tags","var.outpost_subnet_tags"]},"vpc_id":{"references":["local.vpc_id"]}},"schema_version":1,"count_expression":{"references":["var.create_vpc","var.outpost_subnets","var.outpost_subnets"]},"raw_data":{"FileName":".terraform/modules/vpc/main.tf","StartLine":428,"EndLine":451}},{"address":"aws_subnet.private","mode":"managed","type":"aws_subnet","name":"private","provider_config_key":"vpc:aws","expressions":{"assign_ipv6_address_on_creation":{"references":["var.private_subnet_assign_ipv6_address_on_creation","var.assign_ipv6_address_on_creation","var.private_subnet_assign_ipv6_address_on_creation"]},"availability_zone":{"references":["var.azs","count.index","var.azs","count.index"]},"availability_zone_id":{"references":["var.azs","count.index","var.azs","count.index"]},"cidr_block":{"references":["var.private_subnets","count.index"]},"ipv6_cidr_block":{"references":["var.enable_ipv6","var.private_subnet_ipv6_prefixes","aws_vpc.this[0]","var.private_subnet_ipv6_prefixes","count.index"]},"tags":{"references":["var.private_subnet_suffix","var.name","var.azs","count.index","var.tags","var.private_subnet_tags"]},"vpc_id":{"references":["local.vpc_id"]}},"schema_version":1,"count_expression":{"references":["var.create_vpc","var.private_subnets","var.private_subnets"]},"raw_data":{"FileName":".terraform/modules/vpc/main.tf","StartLine":400,"EndLine":422}},{"address":"aws_subnet.public","mode":"managed","type":"aws_subnet","name":"public","provider_config_key":"vpc:aws","expressions":{"assign_ipv6_address_on_creation":{"references":["var.public_subnet_assign_ipv6_address_on_creation","var.assign_ipv6_address_on_creation","var.public_subnet_assign_ipv6_address_on_creation"]},"availability_zone":{"references":["var.azs","count.index","var.azs","count.index"]},"availability_zone_id":{"references":["var.azs","count.index","var.azs","count.index"]},"cidr_block":{"references":["var.public_subnets","count.index"]},"ipv6_cidr_block":{"references":["var.enable_ipv6","var.public_subnet_ipv6_prefixes","aws_vpc.this[0]","var.public_subnet_ipv6_prefixes","count.index"]},"map_public_ip_on_launch":{"references":["var.map_public_ip_on_launch"]},"tags":{"references":["var.public_subnet_suffix","var.name","var.azs","count.index","var.tags","var.public_subnet_tags"]},"vpc_id":{"references":["local.vpc_id"]}},"schema_version":1,"count_expression":{"references":["var.create_vpc","var.public_subnets","var.one_nat_gateway_per_az","var.public_subnets","var.azs","var.public_subnets"]},"raw_data":{"FileName":".terraform/modules/vpc/main.tf","StartLine":371,"EndLine":394}},{"address":"aws_subnet.redshift","mode":"managed","type":"aws_subnet","name":"redshift","provider_config_key":"vpc:aws","expressions":{"assign_ipv6_address_on_creation":{"references":["var.redshift_subnet_assign_ipv6_address_on_creation","var.assign_ipv6_address_on_creation","var.redshift_subnet_assign_ipv6_address_on_creation"]},"availability_zone":{"references":["var.azs","count.index","var.azs","count.index"]},"availability_zone_id":{"references":["var.azs","count.index","var.azs","count.index"]},"cidr_block":{"references":["var.redshift_subnets","count.index"]},"ipv6_cidr_block":{"references":["var.enable_ipv6","var.redshift_subnet_ipv6_prefixes","aws_vpc.this[0]","var.redshift_subnet_ipv6_prefixes","count.index"]},"tags":{"references":["var.redshift_subnet_suffix","var.name","var.azs","count.index","var.tags","var.redshift_subnet_tags"]},"vpc_id":{"references":["local.vpc_id"]}},"schema_version":1,"count_expression":{"references":["var.create_vpc","var.redshift_subnets","var.redshift_subnets"]},"raw_data":{"FileName":".terraform/modules/vpc/main.tf","StartLine":501,"EndLine":523}},{"address":"aws_vpc.this","mode":"managed","type":"aws_vpc","name":"this","provider_config_key":"vpc:aws","expressions":{"assign_generated_ipv6_cidr_block":{"references":["var.enable_ipv6"]},"cidr_block":{"references":["var.cidr"]},"enable_classiclink":{"references":["var.enable_classiclink"]},"enable_classiclink_dns_support":{"references":["var.enable_classiclink_dns_support"]},"enable_dns_hostnames":{"references":["var.enable_dns_hostnames"]},"enable_dns_support":{"references":["var.enable_dns_support"]},"instance_tenancy":{"references":["var.instance_tenancy"]},"tags":{"references":["var.name","var.tags","var.vpc_tags"]}},"schema_version":1,"count_expression":{"references":["var.create_vpc"]},"raw_data":{"FileName":".terraform/modules/vpc/main.tf","StartLine":25,"EndLine":43}},{"address":"aws_vpc_dhcp_options.this","mode":"managed","type":"aws_vpc_dhcp_options","name":"this","provider_config_key":"vpc:aws","expressions":{"domain_name":{"references":["var.dhcp_options_domain_name"]},"domain_name_servers":{"references":["var.dhcp_options_domain_name_servers"]},"netbios_name_servers":{"references":["var.dhcp_options_netbios_name_servers"]},"netbios_node_type":{"references":["var.dhcp_options_netbios_node_type"]},"ntp_servers":{"references":["var.dhcp_options_ntp_servers"]},"tags":{"references":["var.name","var.tags","var.dhcp_options_tags"]}},"schema_version":0,"count_expression":{"references":["var.create_vpc","var.enable_dhcp_options"]},"raw_data":{"FileName":".terraform/modules/vpc/main.tf","StartLine":101,"EndLine":117}},{"address":"aws_vpc_dhcp_options_association.this","mode":"managed","type":"aws_vpc_dhcp_options_association","name":"this","provider_config_key":"vpc:aws","expressions":{"dhcp_options_id":{"references":["aws_vpc_dhcp_options.this[0]"]},"vpc_id":{"references":["local.vpc_id"]}},"schema_version":0,"count_expression":{"references":["var.create_vpc","var.enable_dhcp_options"]},"raw_data":{"FileName":".terraform/modules/vpc/main.tf","StartLine":119,"EndLine":124}},{"address":"aws_vpc_ipv4_cidr_block_association.this","mode":"managed","type":"aws_vpc_ipv4_cidr_block_association","name":"this","provider_config_key":"vpc:aws","expressions":{"cidr_block":{"references":["var.secondary_cidr_blocks","count.index"]},"vpc_id":{"references":["aws_vpc.this[0]"]}},"schema_version":0,"count_expression":{"references":["var.create_vpc","var.secondary_cidr_blocks","var.secondary_cidr_blocks"]},"raw_data":{"FileName":".terraform/modules/vpc/main.tf","StartLine":45,"EndLine":51}},{"address":"aws_vpn_gateway.this","mode":"managed","type":"aws_vpn_gateway","name":"this","provider_config_key":"vpc:aws","expressions":{"amazon_side_asn":{"references":["var.amazon_side_asn"]},"availability_zone":{"references":["var.vpn_gateway_az"]},"tags":{"references":["var.name","var.tags","var.vpn_gateway_tags"]},"vpc_id":{"references":["local.vpc_id"]}},"schema_version":0,"count_expression":{"references":["var.create_vpc","var.enable_vpn_gateway"]},"raw_data":{"FileName":".terraform/modules/vpc/main.tf","StartLine":1235,"EndLine":1249}},{"address":"aws_vpn_gateway_attachment.this","mode":"managed","type":"aws_vpn_gateway_attachment","name":"this","provider_config_key":"vpc:aws","expressions":{"vpc_id":{"references":["local.vpc_id"]},"vpn_gateway_id":{"references":["var.vpn_gateway_id"]}},"schema_version":0,"count_expression":{"references":["var.vpn_gateway_id"]},"raw_data":{"FileName":".terraform/modules/vpc/main.tf","StartLine":1251,"EndLine":1256}},{"address":"aws_vpn_gateway_route_propagation.intra","mode":"managed","type":"aws_vpn_gateway_route_propagation","name":"intra","provider_config_key":"vpc:aws","expressions":{"route_table_id":{"references":["aws_route_table.intra","count.index"]},"vpn_gateway_id":{"references":["aws_vpn_gateway.this","aws_vpn_gateway_attachment.this","count.index"]}},"schema_version":0,"count_expression":{"references":["var.create_vpc","var.propagate_intra_route_tables_vgw","var.enable_vpn_gateway","var.vpn_gateway_id","var.intra_subnets"]},"raw_data":{"FileName":".terraform/modules/vpc/main.tf","StartLine":1284,"EndLine":1295}},{"address":"aws_vpn_gateway_route_propagation.private","mode":"managed","type":"aws_vpn_gateway_route_propagation","name":"private","provider_config_key":"vpc:aws","expressions":{"route_table_id":{"references":["aws_route_table.private","count.index"]},"vpn_gateway_id":{"references":["aws_vpn_gateway.this","aws_vpn_gateway_attachment.this","count.index"]}},"schema_version":0,"count_expression":{"references":["var.create_vpc","var.propagate_private_route_tables_vgw","var.enable_vpn_gateway","var.vpn_gateway_id","var.private_subnets"]},"raw_data":{"FileName":".terraform/modules/vpc/main.tf","StartLine":1271,"EndLine":1282}},{"address":"aws_vpn_gateway_route_propagation.public","mode":"managed","type":"aws_vpn_gateway_route_propagation","name":"public","provider_config_key":"vpc:aws","expressions":{"route_table_id":{"references":["aws_route_table.public","count.index"]},"vpn_gateway_id":{"references":["aws_vpn_gateway.this","aws_vpn_gateway_attachment.this","count.index"]}},"schema_version":0,"count_expression":{"references":["var.create_vpc","var.propagate_public_route_tables_vgw","var.enable_vpn_gateway","var.vpn_gateway_id"]},"raw_data":{"FileName":".terraform/modules/vpc/main.tf","StartLine":1258,"EndLine":1269}},{"address":"data.aws_iam_policy_document.flow_log_cloudwatch_assume_role","mode":"data","type":"aws_iam_policy_document","name":"flow_log_cloudwatch_assume_role","provider_config_key":"vpc:aws","expressions":{"statement":[{"actions":{"constant_value":["sts:AssumeRole"]},"effect":{"constant_value":"Allow"},"principals":[{"identifiers":{"constant_value":["vpc-flow-logs.amazonaws.com"]},"type":{"constant_value":"Service"}}]}]},"schema_version":0,"count_expression":{"references":["local.create_flow_log_cloudwatch_iam_role"]},"raw_data":{"FileName":".terraform/modules/vpc/vpc-flow-logs.tf","StartLine":54,"EndLine":67}},{"address":"data.aws_iam_policy_document.vpc_flow_log_cloudwatch","mode":"data","type":"aws_iam_policy_document","name":"vpc_flow_log_cloudwatch","provider_config_key":"vpc:aws","expressions":{"statement":[{"actions":{"constant_value":["logs:CreateLogStream","logs:PutLogEvents","logs:DescribeLogGroups","logs:DescribeLogStreams"]},"effect":{"constant_value":"Allow"},"resources":{"constant_value":["*"]},"sid":{"constant_value":"AWSVPCFlowLogsPushToCloudWatch"}}]},"schema_version":0,"count_expression":{"references":["local.create_flow_log_cloudwatch_iam_role"]},"raw_data":{"FileName":".terraform/modules/vpc/vpc-flow-logs.tf","StartLine":83,"EndLine":100}}],"variables":{"amazon_side_asn":{"default":"64512","description":"The Autonomous System Number (ASN) for the Amazon side of the gateway. By default the virtual private gateway is created with the current default Amazon ASN."},"assign_ipv6_address_on_creation":{"default":false,"description":"Assign IPv6 address on subnet, must be disabled to change IPv6 CIDRs. This is the IPv6 equivalent of map_public_ip_on_launch"},"azs":{"default":[],"description":"A list of availability zones names or ids in the region"},"cidr":{"default":"0.0.0.0/0","description":"The CIDR block for the VPC. Default value is a valid CIDR, but not acceptable by AWS and should be overridden"},"create_database_internet_gateway_route":{"default":false,"description":"Controls if an internet gateway route for public database access should be created"},"create_database_nat_gateway_route":{"default":false,"description":"Controls if a nat gateway route should be created to give internet access to the database subnets"},"create_database_subnet_group":{"default":true,"description":"Controls if database subnet group should be created (n.b. database_subnets must also be set)"},"create_database_subnet_route_table":{"default":false,"description":"Controls if separate route table for database should be created"},"create_egress_only_igw":{"default":true,"description":"Controls if an Egress Only Internet Gateway is created and its related routes."},"create_elasticache_subnet_group":{"default":true,"description":"Controls if elasticache subnet group should be created"},"create_elasticache_subnet_route_table":{"default":false,"description":"Controls if separate route table for elasticache should be created"},"create_flow_log_cloudwatch_iam_role":{"default":false,"description":"Whether to create IAM role for VPC Flow Logs"},"create_flow_log_cloudwatch_log_group":{"default":false,"description":"Whether to create CloudWatch log group for VPC Flow Logs"},"create_igw":{"default":true,"description":"Controls if an Internet Gateway is created for public subnets and the related routes that connect them."},"create_redshift_subnet_group":{"default":true,"description":"Controls if redshift subnet group should be created"},"create_redshift_subnet_route_table":{"default":false,"description":"Controls if separate route table for redshift should be created"},"create_vpc":{"default":true,"description":"Controls if VPC should be created (it affects almost all resources)"},"customer_gateway_tags":{"default":{},"description":"Additional tags for the Customer Gateway"},"customer_gateways":{"default":{},"description":"Maps of Customer Gateway's attributes (BGP ASN and Gateway's Internet-routable external IP address)"},"database_acl_tags":{"default":{},"description":"Additional tags for the database subnets network ACL"},"database_dedicated_network_acl":{"default":false,"description":"Whether to use dedicated network ACL (not default) and custom rules for database subnets"},"database_inbound_acl_rules":{"default":[{"cidr_block":"0.0.0.0/0","from_port":"0","protocol":"-1","rule_action":"allow","rule_number":"100","to_port":"0"}],"description":"Database subnets inbound network ACL rules"},"database_outbound_acl_rules":{"default":[{"cidr_block":"0.0.0.0/0","from_port":"0","protocol":"-1","rule_action":"allow","rule_number":"100","to_port":"0"}],"description":"Database subnets outbound network ACL rules"},"database_route_table_tags":{"default":{},"description":"Additional tags for the database route tables"},"database_subnet_assign_ipv6_address_on_creation":{"default":null,"description":"Assign IPv6 address on database subnet, must be disabled to change IPv6 CIDRs. This is the IPv6 equivalent of map_public_ip_on_launch"},"database_subnet_group_tags":{"default":{},"description":"Additional tags for the database subnet group"},"database_subnet_ipv6_prefixes":{"default":[],"description":"Assigns IPv6 database subnet id based on the Amazon provided /56 prefix base 10 integer (0-256). Must be of equal length to the corresponding IPv4 subnet list"},"database_subnet_suffix":{"default":"db","description":"Suffix to append to database subnets name"},"database_subnet_tags":{"default":{},"description":"Additional tags for the database subnets"},"database_subnets":{"default":[],"description":"A list of database subnets"},"default_network_acl_egress":{"default":[{"action":"allow","cidr_block":"0.0.0.0/0","from_port":"0","protocol":"-1","rule_no":"100","to_port":"0"},{"action":"allow","from_port":"0","ipv6_cidr_block":"::/0","protocol":"-1","rule_no":"101","to_port":"0"}],"description":"List of maps of egress rules to set on the Default Network ACL"},"default_network_acl_ingress":{"default":[{"action":"allow","cidr_block":"0.0.0.0/0","from_port":"0","protocol":"-1","rule_no":"100","to_port":"0"},{"action":"allow","from_port":"0","ipv6_cidr_block":"::/0","protocol":"-1","rule_no":"101","to_port":"0"}],"description":"List of maps of ingress rules to set on the Default Network ACL"},"default_network_acl_name":{"default":"","description":"Name to be used on the Default Network ACL"},"default_network_acl_tags":{"default":{},"description":"Additional tags for the Default Network ACL"},"default_route_table_propagating_vgws":{"default":[],"description":"List of virtual gateways for propagation"},"default_route_table_routes":{"default":[],"description":"Configuration block of routes. See https://registry.terraform.io/providers/hashicorp/aws/latest/docs/resources/default_route_table#route"},"default_route_table_tags":{"default":{},"description":"Additional tags for the default route table"},"default_security_group_egress":{"default":null,"description":"List of maps of egress rules to set on the default security group"},"default_security_group_ingress":{"default":null,"description":"List of maps of ingress rules to set on the default security group"},"default_security_group_name":{"default":"default","description":"Name to be used on the default security group"},"default_security_group_tags":{"default":{},"description":"Additional tags for the default security group"},"default_vpc_enable_classiclink":{"default":false,"description":"Should be true to enable ClassicLink in the Default VPC"},"default_vpc_enable_dns_hostnames":{"default":false,"description":"Should be true to enable DNS hostnames in the Default VPC"},"default_vpc_enable_dns_support":{"default":true,"description":"Should be true to enable DNS support in the Default VPC"},"default_vpc_name":{"default":"","description":"Name to be used on the Default VPC"},"default_vpc_tags":{"default":{},"description":"Additional tags for the Default VPC"},"dhcp_options_domain_name":{"default":"","description":"Specifies DNS name for DHCP options set (requires enable_dhcp_options set to true)"},"dhcp_options_domain_name_servers":{"default":["AmazonProvidedDNS"],"description":"Specify a list of DNS server addresses for DHCP options set, default to AWS provided (requires enable_dhcp_options set to true)"},"dhcp_options_netbios_name_servers":{"default":[],"description":"Specify a list of netbios servers for DHCP options set (requires enable_dhcp_options set to true)"},"dhcp_options_netbios_node_type":{"default":"","description":"Specify netbios node_type for DHCP options set (requires enable_dhcp_options set to true)"},"dhcp_options_ntp_servers":{"default":[],"description":"Specify a list of NTP servers for DHCP options set (requires enable_dhcp_options set to true)"},"dhcp_options_tags":{"default":{},"description":"Additional tags for the DHCP option set (requires enable_dhcp_options set to true)"},"elasticache_acl_tags":{"default":{},"description":"Additional tags for the elasticache subnets network ACL"},"elasticache_dedicated_network_acl":{"default":false,"description":"Whether to use dedicated network ACL (not default) and custom rules for elasticache subnets"},"elasticache_inbound_acl_rules":{"default":[{"cidr_block":"0.0.0.0/0","from_port":"0","protocol":"-1","rule_action":"allow","rule_number":"100","to_port":"0"}],"description":"Elasticache subnets inbound network ACL rules"},"elasticache_outbound_acl_rules":{"default":[{"cidr_block":"0.0.0.0/0","from_port":"0","protocol":"-1","rule_action":"allow","rule_number":"100","to_port":"0"}],"description":"Elasticache subnets outbound network ACL rules"},"elasticache_route_table_tags":{"default":{},"description":"Additional tags for the elasticache route tables"},"elasticache_subnet_assign_ipv6_address_on_creation":{"default":null,"description":"Assign IPv6 address on elasticache subnet, must be disabled to change IPv6 CIDRs. This is the IPv6 equivalent of map_public_ip_on_launch"},"elasticache_subnet_ipv6_prefixes":{"default":[],"description":"Assigns IPv6 elasticache subnet id based on the Amazon provided /56 prefix base 10 integer (0-256). Must be of equal length to the corresponding IPv4 subnet list"},"elasticache_subnet_suffix":{"default":"elasticache","description":"Suffix to append to elasticache subnets name"},"elasticache_subnet_tags":{"default":{},"description":"Additional tags for the elasticache subnets"},"elasticache_subnets":{"default":[],"description":"A list of elasticache subnets"},"enable_classiclink":{"default":null,"description":"Should be true to enable ClassicLink for the VPC. Only valid in regions and accounts that support EC2 Classic."},"enable_classiclink_dns_support":{"default":null,"description":"Should be true to enable ClassicLink DNS Support for the VPC. Only valid in regions and accounts that support EC2 Classic."},"enable_dhcp_options":{"default":false,"description":"Should be true if you want to specify a DHCP options set with a custom domain name, DNS servers, NTP servers, netbios servers, and/or netbios server type"},"enable_dns_hostnames":{"default":false,"description":"Should be true to enable DNS hostnames in the VPC"},"enable_dns_support":{"default":true,"description":"Should be true to enable DNS support in the VPC"},"enable_flow_log":{"default":false,"description":"Whether or not to enable VPC Flow Logs"},"enable_ipv6":{"default":false,"description":"Requests an Amazon-provided IPv6 CIDR block with a /56 prefix length for the VPC. You cannot specify the range of IP addresses, or the size of the CIDR block."},"enable_nat_gateway":{"default":false,"description":"Should be true if you want to provision NAT Gateways for each of your private networks"},"enable_public_redshift":{"default":false,"description":"Controls if redshift should have public routing table"},"enable_vpn_gateway":{"default":false,"description":"Should be true if you want to create a new VPN Gateway resource and attach it to the VPC"},"external_nat_ip_ids":{"default":[],"description":"List of EIP IDs to be assigned to the NAT Gateways (used in combination with reuse_nat_ips)"},"external_nat_ips":{"default":[],"description":"List of EIPs to be used for `nat_public_ips` output (used in combination with reuse_nat_ips and external_nat_ip_ids)"},"flow_log_cloudwatch_iam_role_arn":{"default":"","description":"The ARN for the IAM role that's used to post flow logs to a CloudWatch Logs log group. When flow_log_destination_arn is set to ARN of Cloudwatch Logs, this argument needs to be provided."},"flow_log_cloudwatch_log_group_kms_key_id":{"default":null,"description":"The ARN of the KMS Key to use when encrypting log data for VPC flow logs."},"flow_log_cloudwatch_log_group_name_prefix":{"default":"/aws/vpc-flow-log/","description":"Specifies the name prefix of CloudWatch Log Group for VPC flow logs."},"flow_log_cloudwatch_log_group_retention_in_days":{"default":null,"description":"Specifies the number of days you want to retain log events in the specified log group for VPC flow logs."},"flow_log_destination_arn":{"default":"","description":"The ARN of the CloudWatch log group or S3 bucket where VPC Flow Logs will be pushed. If this ARN is a S3 bucket the appropriate permissions need to be set on that bucket's policy. When create_flow_log_cloudwatch_log_group is set to false this argument must be provided."},"flow_log_destination_type":{"default":"cloud-watch-logs","description":"Type of flow log destination. Can be s3 or cloud-watch-logs."},"flow_log_log_format":{"default":null,"description":"The fields to include in the flow log record, in the order in which they should appear."},"flow_log_max_aggregation_interval":{"default":600,"description":"The maximum interval of time during which a flow of packets is captured and aggregated into a flow log record. Valid Values: `60` seconds or `600` seconds."},"flow_log_traffic_type":{"default":"ALL","description":"The type of traffic to capture. Valid values: ACCEPT, REJECT, ALL."},"igw_tags":{"default":{},"description":"Additional tags for the internet gateway"},"instance_tenancy":{"default":"default","description":"A tenancy option for instances launched into the VPC"},"intra_acl_tags":{"default":{},"description":"Additional tags for the intra subnets network ACL"},"intra_dedicated_network_acl":{"default":false,"description":"Whether to use dedicated network ACL (not default) and custom rules for intra subnets"},"intra_inbound_acl_rules":{"default":[{"cidr_block":"0.0.0.0/0","from_port":"0","protocol":"-1","rule_action":"allow","rule_number":"100","to_port":"0"}],"description":"Intra subnets inbound network ACLs"},"intra_outbound_acl_rules":{"default":[{"cidr_block":"0.0.0.0/0","from_port":"0","protocol":"-1","rule_action":"allow","rule_number":"100","to_port":"0"}],"description":"Intra subnets outbound network ACLs"},"intra_route_table_tags":{"default":{},"description":"Additional tags for the intra route tables"},"intra_subnet_assign_ipv6_address_on_creation":{"default":null,"description":"Assign IPv6 address on intra subnet, must be disabled to change IPv6 CIDRs. This is the IPv6 equivalent of map_public_ip_on_launch"},"intra_subnet_ipv6_prefixes":{"default":[],"description":"Assigns IPv6 intra subnet id based on the Amazon provided /56 prefix base 10 integer (0-256). Must be of equal length to the corresponding IPv4 subnet list"},"intra_subnet_suffix":{"default":"intra","description":"Suffix to append to intra subnets name"},"intra_subnet_tags":{"default":{},"description":"Additional tags for the intra subnets"},"intra_subnets":{"default":[],"description":"A list of intra subnets"},"manage_default_network_acl":{"default":false,"description":"Should be true to adopt and manage Default Network ACL"},"manage_default_route_table":{"default":false,"description":"Should be true to manage default route table"},"manage_default_security_group":{"default":false,"description":"Should be true to adopt and manage default security group"},"manage_default_vpc":{"default":false,"description":"Should be true to adopt and manage Default VPC"},"map_public_ip_on_launch":{"default":true,"description":"Should be false if you do not want to auto-assign public IP on launch"},"name":{"default":"","description":"Name to be used on all the resources as identifier"},"nat_eip_tags":{"default":{},"description":"Additional tags for the NAT EIP"},"nat_gateway_tags":{"default":{},"description":"Additional tags for the NAT gateways"},"one_nat_gateway_per_az":{"default":false,"description":"Should be true if you want only one NAT Gateway per availability zone. Requires `var.azs` to be set, and the number of `public_subnets` created to be greater than or equal to the number of availability zones specified in `var.azs`."},"outpost_acl_tags":{"default":{},"description":"Additional tags for the outpost subnets network ACL"},"outpost_arn":{"default":null,"description":"ARN of Outpost you want to create a subnet in."},"outpost_az":{"default":null,"description":"AZ where Outpost is anchored."},"outpost_dedicated_network_acl":{"default":false,"description":"Whether to use dedicated network ACL (not default) and custom rules for outpost subnets"},"outpost_inbound_acl_rules":{"default":[{"cidr_block":"0.0.0.0/0","from_port":"0","protocol":"-1","rule_action":"allow","rule_number":"100","to_port":"0"}],"description":"Outpost subnets inbound network ACLs"},"outpost_outbound_acl_rules":{"default":[{"cidr_block":"0.0.0.0/0","from_port":"0","protocol":"-1","rule_action":"allow","rule_number":"100","to_port":"0"}],"description":"Outpost subnets outbound network ACLs"},"outpost_subnet_assign_ipv6_address_on_creation":{"default":null,"description":"Assign IPv6 address on outpost subnet, must be disabled to change IPv6 CIDRs. This is the IPv6 equivalent of map_public_ip_on_launch"},"outpost_subnet_ipv6_prefixes":{"default":[],"description":"Assigns IPv6 outpost subnet id based on the Amazon provided /56 prefix base 10 integer (0-256). Must be of equal length to the corresponding IPv4 subnet list"},"outpost_subnet_suffix":{"default":"outpost","description":"Suffix to append to outpost subnets name"},"outpost_subnet_tags":{"default":{},"description":"Additional tags for the outpost subnets"},"outpost_subnets":{"default":[],"description":"A list of outpost subnets inside the VPC"},"private_acl_tags":{"default":{},"description":"Additional tags for the private subnets network ACL"},"private_dedicated_network_acl":{"default":false,"description":"Whether to use dedicated network ACL (not default) and custom rules for private subnets"},"private_inbound_acl_rules":{"default":[{"cidr_block":"0.0.0.0/0","from_port":"0","protocol":"-1","rule_action":"allow","rule_number":"100","to_port":"0"}],"description":"Private subnets inbound network ACLs"},"private_outbound_acl_rules":{"default":[{"cidr_block":"0.0.0.0/0","from_port":"0","protocol":"-1","rule_action":"allow","rule_number":"100","to_port":"0"}],"description":"Private subnets outbound network ACLs"},"private_route_table_tags":{"default":{},"description":"Additional tags for the private route tables"},"private_subnet_assign_ipv6_address_on_creation":{"default":null,"description":"Assign IPv6 address on private subnet, must be disabled to change IPv6 CIDRs. This is the IPv6 equivalent of map_public_ip_on_launch"},"private_subnet_ipv6_prefixes":{"default":[],"description":"Assigns IPv6 private subnet id based on the Amazon provided /56 prefix base 10 integer (0-256). Must be of equal length to the corresponding IPv4 subnet list"},"private_subnet_suffix":{"default":"private","description":"Suffix to append to private subnets name"},"private_subnet_tags":{"default":{},"description":"Additional tags for the private subnets"},"private_subnets":{"default":[],"description":"A list of private subnets inside the VPC"},"propagate_intra_route_tables_vgw":{"default":false,"description":"Should be true if you want route table propagation"},"propagate_private_route_tables_vgw":{"default":false,"description":"Should be true if you want route table propagation"},"propagate_public_route_tables_vgw":{"default":false,"description":"Should be true if you want route table propagation"},"public_acl_tags":{"default":{},"description":"Additional tags for the public subnets network ACL"},"public_dedicated_network_acl":{"default":false,"description":"Whether to use dedicated network ACL (not default) and custom rules for public subnets"},"public_inbound_acl_rules":{"default":[{"cidr_block":"0.0.0.0/0","from_port":"0","protocol":"-1","rule_action":"allow","rule_number":"100","to_port":"0"}],"description":"Public subnets inbound network ACLs"},"public_outbound_acl_rules":{"default":[{"cidr_block":"0.0.0.0/0","from_port":"0","protocol":"-1","rule_action":"allow","rule_number":"100","to_port":"0"}],"description":"Public subnets outbound network ACLs"},"public_route_table_tags":{"default":{},"description":"Additional tags for the public route tables"},"public_subnet_assign_ipv6_address_on_creation":{"default":null,"description":"Assign IPv6 address on public subnet, must be disabled to change IPv6 CIDRs. This is the IPv6 equivalent of map_public_ip_on_launch"},"public_subnet_ipv6_prefixes":{"default":[],"description":"Assigns IPv6 public subnet id based on the Amazon provided /56 prefix base 10 integer (0-256). Must be of equal length to the corresponding IPv4 subnet list"},"public_subnet_suffix":{"default":"public","description":"Suffix to append to public subnets name"},"public_subnet_tags":{"default":{},"description":"Additional tags for the public subnets"},"public_subnets":{"default":[],"description":"A list of public subnets inside the VPC"},"redshift_acl_tags":{"default":{},"description":"Additional tags for the redshift subnets network ACL"},"redshift_dedicated_network_acl":{"default":false,"description":"Whether to use dedicated network ACL (not default) and custom rules for redshift subnets"},"redshift_inbound_acl_rules":{"default":[{"cidr_block":"0.0.0.0/0","from_port":"0","protocol":"-1","rule_action":"allow","rule_number":"100","to_port":"0"}],"description":"Redshift subnets inbound network ACL rules"},"redshift_outbound_acl_rules":{"default":[{"cidr_block":"0.0.0.0/0","from_port":"0","protocol":"-1","rule_action":"allow","rule_number":"100","to_port":"0"}],"description":"Redshift subnets outbound network ACL rules"},"redshift_route_table_tags":{"default":{},"description":"Additional tags for the redshift route tables"},"redshift_subnet_assign_ipv6_address_on_creation":{"default":null,"description":"Assign IPv6 address on redshift subnet, must be disabled to change IPv6 CIDRs. This is the IPv6 equivalent of map_public_ip_on_launch"},"redshift_subnet_group_tags":{"default":{},"description":"Additional tags for the redshift subnet group"},"redshift_subnet_ipv6_prefixes":{"default":[],"description":"Assigns IPv6 redshift subnet id based on the Amazon provided /56 prefix base 10 integer (0-256). Must be of equal length to the corresponding IPv4 subnet list"},"redshift_subnet_suffix":{"default":"redshift","description":"Suffix to append to redshift subnets name"},"redshift_subnet_tags":{"default":{},"description":"Additional tags for the redshift subnets"},"redshift_subnets":{"default":[],"description":"A list of redshift subnets"},"reuse_nat_ips":{"default":false,"description":"Should be true if you don't want EIPs to be created for your NAT Gateways and will instead pass them in via the 'external_nat_ip_ids' variable"},"secondary_cidr_blocks":{"default":[],"description":"List of secondary CIDR blocks to associate with the VPC to extend the IP Address pool"},"single_nat_gateway":{"default":false,"description":"Should be true if you want to provision a single shared NAT Gateway across all of your private networks"},"tags":{"default":{},"description":"A map of tags to add to all resources"},"vpc_flow_log_permissions_boundary":{"default":null,"description":"The ARN of the Permissions Boundary for the VPC Flow Log IAM Role"},"vpc_flow_log_tags":{"default":{},"description":"Additional tags for the VPC Flow Logs"},"vpc_tags":{"default":{},"description":"Additional tags for the VPC"},"vpn_gateway_az":{"default":null,"description":"The Availability Zone for the VPN Gateway"},"vpn_gateway_id":{"default":"","description":"ID of VPN Gateway to attach to the VPC"},"vpn_gateway_tags":{"default":{},"description":"Additional tags for the VPN gateway"}}},"raw_data":{"FileName":"main.tf","StartLine":5,"EndLine":17}}}}}}
