{
  "version": 4,
  "terraform_version": "0.15.4",
  "serial": 1244,
  "lineage": "17d42b56-6ea0-ca6f-1292-70c99f478f58",
  "outputs": {},
  "resources": [
    {
      "mode": "data",
      "type": "aws_eks_cluster",
      "name": "cluster",
      "provider": "provider[\"registry.terraform.io/hashicorp/aws\"]",
      "instances": [
        {
          "schema_version": 0,
          "attributes": {
            "arn": "arn:aws:eks:us-east-1:115553109071:cluster/my-cluster",
            "certificate_authority": [
              {
                "data": "LS0tLS1CRUdJTiBDRVJUSUZJQ0FURS0tLS0tCk1JSUN5RENDQWJDZ0F3SUJBZ0lCQURBTkJna3Foa2lHOXcwQkFRc0ZBREFWTVJNd0VRWURWUVFERXdwcmRXSmwKY201bGRHVnpNQjRYRFRJeE1EWXlNVEUwTVRRME9Gb1hEVE14TURZeE9URTBNVFEwT0Zvd0ZURVRNQkVHQTFVRQpBeE1LYTNWaVpYSnVaWFJsY3pDQ0FTSXdEUVlKS29aSWh2Y05BUUVCQlFBRGdnRVBBRENDQVFvQ2dnRUJBTzhMCnc4OUNQNTRSMlNZVmxVb0E2NWRCN0c2MUViTlM4YVI2dEVMSGhhTXU3UEhhelVZRHl5Q3N4c2hyNEl0ckpnb3oKRGtIZ0dpQnJhSDRJMlViNkthbURNYUNwQ3kvRzdrQ1ZoQ3JhekJibEduaUNUeEVqallZMUhTK1gwWnk1NVpBRgpaRWFmQjFmNjdpRWZ1MlhTTFducjNySGY3amVpVUpZaE11WlB3NkxWZnBBZzdqcWJXQks3MTRNdlkyN3M4MUxMCjJQcG5ZUDdCK0pIQ1V4OUFzcjFXNlExaWFHbi9nOE5Tc1J6NjcrdnJXaURGV044TGVGY1pNekxRK29ldC9YTFAKMjVVaThicnY5cFFLa1FEd1I3azNIelRsZ1hhdnNKVTZ3OWEvb3NOamNjUjJpak1hMUtZZHUzWlB1WGxmc3J4ZgoyQkVtVm9SUkdzMS9yS1ljUUowQ0F3RUFBYU1qTUNFd0RnWURWUjBQQVFIL0JBUURBZ0trTUE4R0ExVWRFd0VCCi93UUZNQU1CQWY4d0RRWUpLb1pJaHZjTkFRRUxCUUFEZ2dFQkFERjlpY1BtTnRTcTN6eUxSbGtKRVBOQnBsdmMKNWQ2bFdobFdSTWpvSWw3bi83emRRU1FudytiWTZKcldWNHpkVkNJWEdEdHkrOEIrSFZ4UmlsUDMzNkc4citUbwpCek12Tzh0ZWFpQXhkdWdCbjdGeW1zWGxteHNabTg0Wk9NY2xXN2lsWVEyUzJSRUtMOEIyMWRCMXFsRENOakFiClVaMVJKS1dROWtzQTBjM1QrRnRXanNLUmRGYm1SenMvRnlUcmpnVUVxM2FGRUtkMVRoYUNUVVltRFc3NTY0cTEKQVI5MXp6NUFRdVZVYTdCb0FWd3B6aVlvQzQyQWFpQi9oVW5rYXRpdlRmVWUxMm1POVQxWWFKN1J0ZHJKcmxQeApmWmxzbm50SjJGWGpXaGhxRjFwYzJweE9PSU5QZU5YZ1QwWjZSWDRvMGhSTk9CZ2REODJaend5Y0VRMD0KLS0tLS1FTkQgQ0VSVElGSUNBVEUtLS0tLQo="
              }
            ],
            "created_at": "2021-06-21 14:07:43.752 +0000 UTC",
            "enabled_cluster_log_types": [],
            "endpoint": "https://CDF34ACD35FAAD442D31CDD8BB5D36C7.gr7.us-east-1.eks.amazonaws.com",
            "id": "my-cluster",
            "identity": [
              {
                "oidc": [
                  {
                    "issuer": "https://oidc.eks.us-east-1.amazonaws.com/id/CDF34ACD35FAAD442D31CDD8BB5D36C7"
                  }
                ]
              }
            ],
            "kubernetes_network_config": [
              {
                "service_ipv4_cidr": "172.20.0.0/16"
              }
            ],
            "name": "my-cluster",
            "platform_version": "eks.8",
            "role_arn": "arn:aws:iam::115553109071:role/my-cluster20210621140714296400000002",
            "status": "ACTIVE",
            "tags": {},
            "version": "1.16",
            "vpc_config": [
              {
                "cluster_security_group_id": "sg-04b73a551b1303653",
                "endpoint_private_access": false,
                "endpoint_public_access": true,
                "public_access_cidrs": [
                  "0.0.0.0/0"
                ],
                "security_group_ids": [
                  "sg-087cf3957f9627447"
                ],
                "subnet_ids": [
                  "subnet-022685ee8d3663b5c",
                  "subnet-087af17d6e6623026"
                ],
                "vpc_id": "vpc-02b7f3126a5108c32"
              }
            ]
          },
          "sensitive_attributes": []
        }
      ]
    },
    {
      "mode": "data",
      "type": "aws_eks_cluster_auth",
      "name": "cluster",
      "provider": "provider[\"registry.terraform.io/hashicorp/aws\"]",
      "instances": [
        {
          "schema_version": 0,
          "attributes": {
            "id": "my-cluster",
            "name": "my-cluster",
            "token": "k8s-aws-v1.aHR0cHM6Ly9zdHMuYW1hem9uYXdzLmNvbS8_QWN0aW9uPUdldENhbGxlcklkZW50aXR5JlZlcnNpb249MjAxMS0wNi0xNSZYLUFtei1BbGdvcml0aG09QVdTNC1ITUFDLVNIQTI1NiZYLUFtei1DcmVkZW50aWFsPUFTSUFSVlo0QVFSSFJBTk82S1BHJTJGMjAyMTA2MjElMkZ1cy1lYXN0LTElMkZzdHMlMkZhd3M0X3JlcXVlc3QmWC1BbXotRGF0ZT0yMDIxMDYyMVQxNDIwNDZaJlgtQW16LUV4cGlyZXM9MCZYLUFtei1TZWN1cml0eS1Ub2tlbj1JUW9KYjNKcFoybHVYMlZqRU8lMkYlMkYlMkYlMkYlMkYlMkYlMkYlMkYlMkYlMkYlMkZ3RWFDWFZ6TFdWaGMzUXRNU0pHTUVRQ0lIazNhT1hvNGFieEZrWnVwZTFMbkVGWEdGb0V3UDVVOUVOYnB1d3FNTmo2QWlCUjRqOTFjQW1ma3loUFVja20wTXpwejdmRGRhcEM0OXh2alVyd1hFcU5leXFiQXdpNCUyRiUyRiUyRiUyRiUyRiUyRiUyRiUyRiUyRiUyRjhCRUFFYURERXhOVFUxTXpFd09UQTNNU0lNRXRsS2FpeHptUWNRdk81M0t1OENBWHAlMkJFS1NsMHNvcmljR0lGOW5hOVViVTZoRmhNa1pJZk1lNHRCYUVGbGdBT2hGVnF3NVpNZFUxcDQ0ZiUyRnJIbXdjWVdoaUNIN0VuJTJGR2VCRnNEWE9KRTM1UUlhUDBnbUxJWXRaZ2djeElPbFU0JTJCUmM0UVcyeHZUMHdQbTY5Ykt3eUhjVTEyNEUlMkIlMkZrb3VESlFZdU9XJTJCWDdrZHolMkJUMXJIaVc5aHhCNnRHWUtwTlVDbGVYMkNEYnpuR0Y1ekFrT1JsNjhnTlA3NUFRNDZoMVVNNGwwYlNIWFclMkY5M25wN3lCeFA2cmJMOW8zVWhXc0tzQ085Wk5QMnRQemtsWkFYSjBDYTBnaDNXOHElMkJzOXc5MnFmbCUyQmJnd0VhdHJKa3QwdWs0SVpXWUI5ZVZiNjN0RGtFVVVvZiUyQnNRWFpLYWloYXJZeEFmb0NpViUyRm4xV1ZHNHlzUWQ0WVVMNFFHaFNIM1MzcCUyRjNpcEdYb0ZZVG1rWnowTUNwZmVvbkJlRFVvVnRQdmlZbEIyUTFXeDhpNnpOcUJWWnFGdmUlMkZDaElsYU9xQjRSOVhzWjhPdlBJQjQ2NmZGR3A4eTF4UGowMklpV00wTSUyQkp4bXlqeGZFNHpMamlHMUxMSmQwR01SdkduUW9aSnowa0xGdXZ1TktlMlREQTY4Q0dCanFuQVhGVkhyTUQ5djNTUnNqb0I2UUEwQmRnWENHTEw3RjdCaEdOUzNZMkVEM1dGUGlWMVdjaFlUS1hXcXZFdmolMkJQTFFGcG03Z1JrdUJ6N2NBRHBQUmlOOWtjclF2c2JYSmZYc0xVMXlXTGZiJTJCREpoSGpsRE12aW5uNVFUQUFBc3c2ZW8xT2MlMkJXSFJnUXZUdnpPTWRTcWhTd0pLU0hHbXQwRUY5a2FXQ2ZnaXF5TGtYa3ZTMFBkaCUyQjNUOWFGSFZrUnBoMlVUZmJvRVJIYnl6T0xGYTg3ZWdPTkR6VTJKQ3pleSZYLUFtei1TaWduZWRIZWFkZXJzPWhvc3QlM0J4LWs4cy1hd3MtaWQmWC1BbXotU2lnbmF0dXJlPTA2ZjYzOTBlNGQ5MWMyMGM5M2Q0YzAxYjE5ZDJiMGEzMDdhMjI2Yzk3OTRkMTFiOGVkNmRiNmMyYzQxYWNhMjA"
          },
          "sensitive_attributes": []
        }
      ]
    },
    {
      "mode": "managed",
      "type": "aws_security_group",
      "name": "unused",
      "provider": "provider[\"registry.terraform.io/hashicorp/aws\"]",
      "instances": [
        {
          "schema_version": 1,
          "attributes": {
            "arn": "arn:aws:ec2:us-east-1:115553109071:security-group/sg-0e954b85bdb88960e",
            "description": "Managed by Terraform",
            "egress": [],
            "id": "sg-0e954b85bdb88960e",
            "ingress": [
              {
                "cidr_blocks": [
                  "0.0.0.0/0"
                ],
                "description": "",
                "from_port": 53,
                "ipv6_cidr_blocks": [],
                "prefix_list_ids": [],
                "protocol": "udp",
                "security_groups": [],
                "self": false,
                "to_port": 53
              }
            ],
            "name": "Unused security group",
            "name_prefix": "",
            "owner_id": "115553109071",
            "revoke_rules_on_delete": false,
            "tags": null,
            "tags_all": {},
            "timeouts": null,
            "vpc_id": "vpc-02b7f3126a5108c32"
          },
          "sensitive_attributes": [],
          "private": "eyJlMmJmYjczMC1lY2FhLTExZTYtOGY4OC0zNDM2M2JjN2M0YzAiOnsiY3JlYXRlIjo2MDAwMDAwMDAwMDAsImRlbGV0ZSI6OTAwMDAwMDAwMDAwfSwic2NoZW1hX3ZlcnNpb24iOiIxIn0=",
          "dependencies": [
            "module.vpc.aws_vpc.this"
          ]
        }
      ]
    },
    {
      "module": "module.my-cluster",
      "mode": "data",
      "type": "aws_ami",
      "name": "eks_worker",
      "provider": "provider[\"registry.terraform.io/hashicorp/aws\"]",
      "instances": [
        {
          "index_key": 0,
          "schema_version": 0,
          "attributes": {
            "architecture": "x86_64",
            "arn": "arn:aws:ec2:us-east-1::image/ami-0cfde6d4e50a9037b",
            "block_device_mappings": [
              {
                "device_name": "/dev/xvda",
                "ebs": {
                  "delete_on_termination": "true",
                  "encrypted": "false",
                  "iops": "0",
                  "snapshot_id": "snap-073b9e48f7fcfbbcd",
                  "throughput": "0",
                  "volume_size": "20",
                  "volume_type": "gp2"
                },
                "no_device": "",
                "virtual_name": ""
              }
            ],
            "creation_date": "2021-05-26T22:51:23.000Z",
            "description": "EKS Kubernetes Worker AMI with AmazonLinux2 image, (k8s: 1.16.15, docker: 19.03.13ce-1.amzn2, containerd: 1.4.1-2.amzn2)",
            "ena_support": true,
            "executable_users": null,
            "filter": [
              {
                "name": "name",
                "values": [
                  "amazon-eks-node-1.16-v*"
                ]
              }
            ],
            "hypervisor": "xen",
            "id": "ami-0cfde6d4e50a9037b",
            "image_id": "ami-0cfde6d4e50a9037b",
            "image_location": "amazon/amazon-eks-node-1.16-v20210526",
            "image_owner_alias": "amazon",
            "image_type": "machine",
            "kernel_id": null,
            "most_recent": true,
            "name": "amazon-eks-node-1.16-v20210526",
            "name_regex": null,
            "owner_id": "602401143452",
            "owners": [
              "amazon"
            ],
            "platform": null,
            "platform_details": "Linux/UNIX",
            "product_codes": [],
            "public": true,
            "ramdisk_id": null,
            "root_device_name": "/dev/xvda",
            "root_device_type": "ebs",
            "root_snapshot_id": "snap-073b9e48f7fcfbbcd",
            "sriov_net_support": "simple",
            "state": "available",
            "state_reason": {
              "code": "UNSET",
              "message": "UNSET"
            },
            "tags": {},
            "usage_operation": "RunInstances",
            "virtualization_type": "hvm"
          },
          "sensitive_attributes": []
        }
      ]
    },
    {
      "module": "module.my-cluster",
      "mode": "data",
      "type": "aws_caller_identity",
      "name": "current",
      "provider": "provider[\"registry.terraform.io/hashicorp/aws\"]",
      "instances": [
        {
          "schema_version": 0,
          "attributes": {
            "account_id": "115553109071",
            "arn": "arn:aws:sts::115553109071:assumed-role/AWSReservedSSO_admin_in_develop_fb314e4593b59bf2/imanuel.m@indeni.com",
            "id": "115553109071",
            "user_id": "AROARVZ4AQRHRH7ZLU5BZ:imanuel.m@indeni.com"
          },
          "sensitive_attributes": []
        }
      ]
    },
    {
      "module": "module.my-cluster",
      "mode": "data",
      "type": "aws_iam_policy_document",
      "name": "cluster_assume_role_policy",
      "provider": "provider[\"registry.terraform.io/hashicorp/aws\"]",
      "instances": [
        {
          "schema_version": 0,
          "attributes": {
            "id": "2764486067",
            "json": "{\n  \"Version\": \"2012-10-17\",\n  \"Statement\": [\n    {\n      \"Sid\": \"EKSClusterAssumeRole\",\n      \"Effect\": \"Allow\",\n      \"Action\": \"sts:AssumeRole\",\n      \"Principal\": {\n        \"Service\": \"eks.amazonaws.com\"\n      }\n    }\n  ]\n}",
            "override_json": null,
            "override_policy_documents": null,
            "policy_id": null,
            "source_json": null,
            "source_policy_documents": null,
            "statement": [
              {
                "actions": [
                  "sts:AssumeRole"
                ],
                "condition": [],
                "effect": "Allow",
                "not_actions": [],
                "not_principals": [],
                "not_resources": [],
                "principals": [
                  {
                    "identifiers": [
                      "eks.amazonaws.com"
                    ],
                    "type": "Service"
                  }
                ],
                "resources": [],
                "sid": "EKSClusterAssumeRole"
              }
            ],
            "version": "2012-10-17"
          },
          "sensitive_attributes": []
        }
      ]
    },
    {
      "module": "module.my-cluster",
      "mode": "data",
      "type": "aws_iam_policy_document",
      "name": "cluster_elb_sl_role_creation",
      "provider": "provider[\"registry.terraform.io/hashicorp/aws\"]",
      "instances": [
        {
          "index_key": 0,
          "schema_version": 0,
          "attributes": {
            "id": "3709839417",
            "json": "{\n  \"Version\": \"2012-10-17\",\n  \"Statement\": [\n    {\n      \"Sid\": \"\",\n      \"Effect\": \"Allow\",\n      \"Action\": [\n        \"ec2:DescribeInternetGateways\",\n        \"ec2:DescribeAddresses\",\n        \"ec2:DescribeAccountAttributes\"\n      ],\n      \"Resource\": \"*\"\n    }\n  ]\n}",
            "override_json": null,
            "override_policy_documents": null,
            "policy_id": null,
            "source_json": null,
            "source_policy_documents": null,
            "statement": [
              {
                "actions": [
                  "ec2:DescribeAccountAttributes",
                  "ec2:DescribeAddresses",
                  "ec2:DescribeInternetGateways"
                ],
                "condition": [],
                "effect": "Allow",
                "not_actions": [],
                "not_principals": [],
                "not_resources": [],
                "principals": [],
                "resources": [
                  "*"
                ],
                "sid": ""
              }
            ],
            "version": "2012-10-17"
          },
          "sensitive_attributes": []
        }
      ]
    },
    {
      "module": "module.my-cluster",
      "mode": "data",
      "type": "aws_iam_policy_document",
      "name": "workers_assume_role_policy",
      "provider": "provider[\"registry.terraform.io/hashicorp/aws\"]",
      "instances": [
        {
          "schema_version": 0,
          "attributes": {
            "id": "3778018924",
            "json": "{\n  \"Version\": \"2012-10-17\",\n  \"Statement\": [\n    {\n      \"Sid\": \"EKSWorkerAssumeRole\",\n      \"Effect\": \"Allow\",\n      \"Action\": \"sts:AssumeRole\",\n      \"Principal\": {\n        \"Service\": \"ec2.amazonaws.com\"\n      }\n    }\n  ]\n}",
            "override_json": null,
            "override_policy_documents": null,
            "policy_id": null,
            "source_json": null,
            "source_policy_documents": null,
            "statement": [
              {
                "actions": [
                  "sts:AssumeRole"
                ],
                "condition": [],
                "effect": "Allow",
                "not_actions": [],
                "not_principals": [],
                "not_resources": [],
                "principals": [
                  {
                    "identifiers": [
                      "ec2.amazonaws.com"
                    ],
                    "type": "Service"
                  }
                ],
                "resources": [],
                "sid": "EKSWorkerAssumeRole"
              }
            ],
            "version": "2012-10-17"
          },
          "sensitive_attributes": []
        }
      ]
    },
    {
      "module": "module.my-cluster",
      "mode": "data",
      "type": "aws_partition",
      "name": "current",
      "provider": "provider[\"registry.terraform.io/hashicorp/aws\"]",
      "instances": [
        {
          "schema_version": 0,
          "attributes": {
            "dns_suffix": "amazonaws.com",
            "id": "aws",
            "partition": "aws",
            "reverse_dns_prefix": "com.amazonaws"
          },
          "sensitive_attributes": []
        }
      ]
    },
    {
      "module": "module.my-cluster",
      "mode": "data",
      "type": "http",
      "name": "wait_for_cluster",
      "provider": "provider[\"registry.terraform.io/terraform-aws-modules/http\"]",
      "instances": [
        {
          "index_key": 0,
          "schema_version": 0,
          "attributes": {
            "body": "ok",
            "ca_certificate": "-----BEGIN CERTIFICATE-----\nMIICyDCCAbCgAwIBAgIBADANBgkqhkiG9w0BAQsFADAVMRMwEQYDVQQDEwprdWJl\ncm5ldGVzMB4XDTIxMDYyMTE0MTQ0OFoXDTMxMDYxOTE0MTQ0OFowFTETMBEGA1UE\nAxMKa3ViZXJuZXRlczCCASIwDQYJKoZIhvcNAQEBBQADggEPADCCAQoCggEBAO8L\nw89CP54R2SYVlUoA65dB7G61EbNS8aR6tELHhaMu7PHazUYDyyCsxshr4ItrJgoz\nDkHgGiBraH4I2Ub6KamDMaCpCy/G7kCVhCrazBblGniCTxEjjYY1HS+X0Zy55ZAF\nZEafB1f67iEfu2XSLWnr3rHf7jeiUJYhMuZPw6LVfpAg7jqbWBK714MvY27s81LL\n2PpnYP7B+JHCUx9Asr1W6Q1iaGn/g8NSsRz67+vrWiDFWN8LeFcZMzLQ+oet/XLP\n25Ui8brv9pQKkQDwR7k3HzTlgXavsJU6w9a/osNjccR2ijMa1KYdu3ZPuXlfsrxf\n2BEmVoRRGs1/rKYcQJ0CAwEAAaMjMCEwDgYDVR0PAQH/BAQDAgKkMA8GA1UdEwEB\n/wQFMAMBAf8wDQYJKoZIhvcNAQELBQADggEBADF9icPmNtSq3zyLRlkJEPNBplvc\n5d6lWhlWRMjoIl7n/7zdQSQnw+bY6JrWV4zdVCIXGDty+8B+HVxRilP336G8r+To\nBzMvO8teaiAxdugBn7FymsXlmxsZm84ZOMclW7ilYQ2S2REKL8B21dB1qlDCNjAb\nUZ1RJKWQ9ksA0c3T+FtWjsKRdFbmRzs/FyTrjgUEq3aFEKd1ThaCTUYmDW7564q1\nAR91zz5AQuVUa7BoAVwpziYoC42AaiB/hUnkativTfUe12mO9T1YaJ7RtdrJrlPx\nfZlsnntJ2FXjWhhqF1pc2pxOOINPeNXgT0Z6RX4o0hRNOBgdD82ZzwycEQ0=\n-----END CERTIFICATE-----\n",
            "id": "https://CDF34ACD35FAAD442D31CDD8BB5D36C7.gr7.us-east-1.eks.amazonaws.com/healthz",
            "insecure": false,
            "request_headers": null,
            "response_headers": {
              "Cache-Control": "no-cache, private",
              "Content-Length": "2",
              "Content-Type": "text/plain; charset=utf-8",
              "Date": "Mon, 21 Jun 2021 14:20:46 GMT",
              "X-Content-Type-Options": "nosniff"
            },
            "timeout": 300,
            "url": "https://CDF34ACD35FAAD442D31CDD8BB5D36C7.gr7.us-east-1.eks.amazonaws.com/healthz"
          },
          "sensitive_attributes": []
        }
      ]
    },
    {
      "module": "module.my-cluster",
      "mode": "managed",
      "type": "aws_autoscaling_group",
      "name": "workers",
      "provider": "provider[\"registry.terraform.io/hashicorp/aws\"]",
      "instances": [
        {
          "index_key": 0,
          "schema_version": 0,
          "attributes": {
            "arn": "arn:aws:autoscaling:us-east-1:115553109071:autoScalingGroup:ea5bd0af-d82b-4872-b555-567be9ca8a49:autoScalingGroupName/my-cluster-02021062114194886310000000f",
            "availability_zones": [
              "us-east-1a",
              "us-east-1b"
            ],
            "capacity_rebalance": false,
            "default_cooldown": 300,
            "desired_capacity": 1,
            "enabled_metrics": null,
            "force_delete": false,
            "force_delete_warm_pool": false,
            "health_check_grace_period": 300,
            "health_check_type": "EC2",
            "id": "my-cluster-02021062114194886310000000f",
            "initial_lifecycle_hook": [],
            "instance_refresh": [],
            "launch_configuration": "my-cluster-02021062114194059320000000e",
            "launch_template": [],
            "load_balancers": null,
            "max_instance_lifetime": 0,
            "max_size": 5,
            "metrics_granularity": "1Minute",
            "min_elb_capacity": null,
            "min_size": 1,
            "mixed_instances_policy": [],
            "name": "my-cluster-02021062114194886310000000f",
            "name_prefix": "my-cluster-0",
            "placement_group": "",
            "protect_from_scale_in": false,
            "service_linked_role_arn": "arn:aws:iam::115553109071:role/aws-service-role/autoscaling.amazonaws.com/AWSServiceRoleForAutoScaling",
            "suspended_processes": [
              "AZRebalance"
            ],
            "tag": [
              {
                "key": "Name",
                "propagate_at_launch": true,
                "value": "my-cluster-0-eks_asg"
              },
              {
                "key": "k8s.io/cluster/my-cluster",
                "propagate_at_launch": true,
                "value": "owned"
              },
              {
                "key": "kubernetes.io/cluster/my-cluster",
                "propagate_at_launch": true,
                "value": "owned"
              }
            ],
            "tags": null,
            "target_group_arns": null,
            "termination_policies": [],
            "timeouts": null,
            "vpc_zone_identifier": [
              "subnet-022685ee8d3663b5c",
              "subnet-087af17d6e6623026"
            ],
            "wait_for_capacity_timeout": "10m",
            "wait_for_elb_capacity": null,
            "warm_pool": []
          },
          "sensitive_attributes": [],
          "private": "eyJlMmJmYjczMC1lY2FhLTExZTYtOGY4OC0zNDM2M2JjN2M0YzAiOnsiZGVsZXRlIjo2MDAwMDAwMDAwMDB9fQ==",
          "dependencies": [
            "module.my-cluster.aws_cloudwatch_log_group.this",
            "module.my-cluster.aws_eks_cluster.this",
            "module.my-cluster.aws_iam_instance_profile.workers",
            "module.my-cluster.aws_iam_role.cluster",
            "module.my-cluster.aws_iam_role.workers",
            "module.my-cluster.aws_iam_role_policy_attachment.cluster_AmazonEKSClusterPolicy",
            "module.my-cluster.aws_iam_role_policy_attachment.cluster_AmazonEKSServicePolicy",
            "module.my-cluster.aws_iam_role_policy_attachment.cluster_AmazonEKSVPCResourceControllerPolicy",
            "module.my-cluster.aws_iam_role_policy_attachment.workers_AmazonEC2ContainerRegistryReadOnly",
            "module.my-cluster.aws_iam_role_policy_attachment.workers_AmazonEKSWorkerNodePolicy",
            "module.my-cluster.aws_iam_role_policy_attachment.workers_AmazonEKS_CNI_Policy",
            "module.my-cluster.aws_iam_role_policy_attachment.workers_additional_policies",
            "module.my-cluster.aws_launch_configuration.workers",
            "module.my-cluster.aws_security_group.cluster",
            "module.my-cluster.aws_security_group.workers",
            "module.my-cluster.aws_security_group_rule.cluster_egress_internet",
            "module.my-cluster.aws_security_group_rule.cluster_https_worker_ingress",
            "module.my-cluster.aws_security_group_rule.cluster_primary_ingress_workers",
            "module.my-cluster.aws_security_group_rule.workers_egress_internet",
            "module.my-cluster.aws_security_group_rule.workers_ingress_cluster",
            "module.my-cluster.aws_security_group_rule.workers_ingress_cluster_https",
            "module.my-cluster.aws_security_group_rule.workers_ingress_cluster_kubelet",
            "module.my-cluster.aws_security_group_rule.workers_ingress_cluster_primary",
            "module.my-cluster.aws_security_group_rule.workers_ingress_self",
            "module.my-cluster.data.aws_ami.eks_worker",
            "module.my-cluster.data.aws_ami.eks_worker_windows",
            "module.my-cluster.data.aws_iam_instance_profile.custom_worker_group_iam_instance_profile",
            "module.my-cluster.data.aws_iam_policy_document.cluster_assume_role_policy",
            "module.my-cluster.data.aws_iam_policy_document.workers_assume_role_policy",
            "module.my-cluster.data.aws_iam_role.custom_cluster_iam_role",
            "module.my-cluster.data.aws_partition.current",
            "module.vpc.aws_subnet.private",
            "module.vpc.aws_vpc.this",
            "module.vpc.aws_vpc_ipv4_cidr_block_association.this"
          ],
          "create_before_destroy": true
        }
      ]
    },
    {
      "module": "module.my-cluster",
      "mode": "managed",
      "type": "aws_eks_cluster",
      "name": "this",
      "provider": "provider[\"registry.terraform.io/hashicorp/aws\"]",
      "instances": [
        {
          "index_key": 0,
          "schema_version": 0,
          "attributes": {
            "arn": "arn:aws:eks:us-east-1:115553109071:cluster/my-cluster",
            "certificate_authority": [
              {
                "data": "LS0tLS1CRUdJTiBDRVJUSUZJQ0FURS0tLS0tCk1JSUN5RENDQWJDZ0F3SUJBZ0lCQURBTkJna3Foa2lHOXcwQkFRc0ZBREFWTVJNd0VRWURWUVFERXdwcmRXSmwKY201bGRHVnpNQjRYRFRJeE1EWXlNVEUwTVRRME9Gb1hEVE14TURZeE9URTBNVFEwT0Zvd0ZURVRNQkVHQTFVRQpBeE1LYTNWaVpYSnVaWFJsY3pDQ0FTSXdEUVlKS29aSWh2Y05BUUVCQlFBRGdnRVBBRENDQVFvQ2dnRUJBTzhMCnc4OUNQNTRSMlNZVmxVb0E2NWRCN0c2MUViTlM4YVI2dEVMSGhhTXU3UEhhelVZRHl5Q3N4c2hyNEl0ckpnb3oKRGtIZ0dpQnJhSDRJMlViNkthbURNYUNwQ3kvRzdrQ1ZoQ3JhekJibEduaUNUeEVqallZMUhTK1gwWnk1NVpBRgpaRWFmQjFmNjdpRWZ1MlhTTFducjNySGY3amVpVUpZaE11WlB3NkxWZnBBZzdqcWJXQks3MTRNdlkyN3M4MUxMCjJQcG5ZUDdCK0pIQ1V4OUFzcjFXNlExaWFHbi9nOE5Tc1J6NjcrdnJXaURGV044TGVGY1pNekxRK29ldC9YTFAKMjVVaThicnY5cFFLa1FEd1I3azNIelRsZ1hhdnNKVTZ3OWEvb3NOamNjUjJpak1hMUtZZHUzWlB1WGxmc3J4ZgoyQkVtVm9SUkdzMS9yS1ljUUowQ0F3RUFBYU1qTUNFd0RnWURWUjBQQVFIL0JBUURBZ0trTUE4R0ExVWRFd0VCCi93UUZNQU1CQWY4d0RRWUpLb1pJaHZjTkFRRUxCUUFEZ2dFQkFERjlpY1BtTnRTcTN6eUxSbGtKRVBOQnBsdmMKNWQ2bFdobFdSTWpvSWw3bi83emRRU1FudytiWTZKcldWNHpkVkNJWEdEdHkrOEIrSFZ4UmlsUDMzNkc4citUbwpCek12Tzh0ZWFpQXhkdWdCbjdGeW1zWGxteHNabTg0Wk9NY2xXN2lsWVEyUzJSRUtMOEIyMWRCMXFsRENOakFiClVaMVJKS1dROWtzQTBjM1QrRnRXanNLUmRGYm1SenMvRnlUcmpnVUVxM2FGRUtkMVRoYUNUVVltRFc3NTY0cTEKQVI5MXp6NUFRdVZVYTdCb0FWd3B6aVlvQzQyQWFpQi9oVW5rYXRpdlRmVWUxMm1POVQxWWFKN1J0ZHJKcmxQeApmWmxzbm50SjJGWGpXaGhxRjFwYzJweE9PSU5QZU5YZ1QwWjZSWDRvMGhSTk9CZ2REODJaend5Y0VRMD0KLS0tLS1FTkQgQ0VSVElGSUNBVEUtLS0tLQo="
              }
            ],
            "created_at": "2021-06-21 14:07:43.752 +0000 UTC",
            "enabled_cluster_log_types": null,
            "encryption_config": [],
            "endpoint": "https://CDF34ACD35FAAD442D31CDD8BB5D36C7.gr7.us-east-1.eks.amazonaws.com",
            "id": "my-cluster",
            "identity": [
              {
                "oidc": [
                  {
                    "issuer": "https://oidc.eks.us-east-1.amazonaws.com/id/CDF34ACD35FAAD442D31CDD8BB5D36C7"
                  }
                ]
              }
            ],
            "kubernetes_network_config": [
              {
                "service_ipv4_cidr": "172.20.0.0/16"
              }
            ],
            "name": "my-cluster",
            "platform_version": "eks.8",
            "role_arn": "arn:aws:iam::115553109071:role/my-cluster20210621140714296400000002",
            "status": "ACTIVE",
            "tags": null,
            "tags_all": {},
            "timeouts": {
              "create": "30m",
              "delete": "15m",
              "update": null
            },
            "version": "1.16",
            "vpc_config": [
              {
                "cluster_security_group_id": "sg-04b73a551b1303653",
                "endpoint_private_access": false,
                "endpoint_public_access": true,
                "public_access_cidrs": [
                  "0.0.0.0/0"
                ],
                "security_group_ids": [
                  "sg-087cf3957f9627447"
                ],
                "subnet_ids": [
                  "subnet-022685ee8d3663b5c",
                  "subnet-087af17d6e6623026"
                ],
                "vpc_id": "vpc-02b7f3126a5108c32"
              }
            ]
          },
          "sensitive_attributes": [],
          "private": "eyJlMmJmYjczMC1lY2FhLTExZTYtOGY4OC0zNDM2M2JjN2M0YzAiOnsiY3JlYXRlIjoxODAwMDAwMDAwMDAwLCJkZWxldGUiOjkwMDAwMDAwMDAwMCwidXBkYXRlIjozNjAwMDAwMDAwMDAwfX0=",
          "dependencies": [
            "module.my-cluster.aws_cloudwatch_log_group.this",
            "module.my-cluster.aws_iam_role.cluster",
            "module.my-cluster.aws_iam_role_policy_attachment.cluster_AmazonEKSClusterPolicy",
            "module.my-cluster.aws_iam_role_policy_attachment.cluster_AmazonEKSServicePolicy",
            "module.my-cluster.aws_iam_role_policy_attachment.cluster_AmazonEKSVPCResourceControllerPolicy",
            "module.my-cluster.aws_security_group.cluster",
            "module.my-cluster.aws_security_group.workers",
            "module.my-cluster.aws_security_group_rule.cluster_egress_internet",
            "module.my-cluster.aws_security_group_rule.cluster_https_worker_ingress",
            "module.my-cluster.data.aws_iam_policy_document.cluster_assume_role_policy",
            "module.my-cluster.data.aws_iam_role.custom_cluster_iam_role",
            "module.my-cluster.data.aws_partition.current",
            "module.vpc.aws_subnet.private",
            "module.vpc.aws_vpc.this",
            "module.vpc.aws_vpc_ipv4_cidr_block_association.this"
          ],
          "create_before_destroy": true
        }
      ]
    },
    {
      "module": "module.my-cluster",
      "mode": "managed",
      "type": "aws_iam_instance_profile",
      "name": "workers",
      "provider": "provider[\"registry.terraform.io/hashicorp/aws\"]",
      "instances": [
        {
          "index_key": 0,
          "schema_version": 0,
          "attributes": {
            "arn": "arn:aws:iam::115553109071:instance-profile/my-cluster2021062114193820670000000a",
            "create_date": "2021-06-21T14:19:39Z",
            "id": "my-cluster2021062114193820670000000a",
            "name": "my-cluster2021062114193820670000000a",
            "name_prefix": "my-cluster",
            "path": "/",
            "role": "my-cluster20210621141930025400000009",
            "tags": null,
            "tags_all": {},
            "unique_id": "AIPARVZ4AQRHYJEEQCNMT"
          },
          "sensitive_attributes": [],
          "private": "bnVsbA==",
          "dependencies": [
            "module.my-cluster.aws_cloudwatch_log_group.this",
            "module.my-cluster.aws_eks_cluster.this",
            "module.my-cluster.aws_iam_role.cluster",
            "module.my-cluster.aws_iam_role.workers",
            "module.my-cluster.aws_iam_role_policy_attachment.cluster_AmazonEKSClusterPolicy",
            "module.my-cluster.aws_iam_role_policy_attachment.cluster_AmazonEKSServicePolicy",
            "module.my-cluster.aws_iam_role_policy_attachment.cluster_AmazonEKSVPCResourceControllerPolicy",
            "module.my-cluster.aws_security_group.cluster",
            "module.my-cluster.aws_security_group.workers",
            "module.my-cluster.aws_security_group_rule.cluster_egress_internet",
            "module.my-cluster.aws_security_group_rule.cluster_https_worker_ingress",
            "module.my-cluster.data.aws_iam_policy_document.cluster_assume_role_policy",
            "module.my-cluster.data.aws_iam_policy_document.workers_assume_role_policy",
            "module.my-cluster.data.aws_iam_role.custom_cluster_iam_role",
            "module.my-cluster.data.aws_partition.current",
            "module.vpc.aws_subnet.private",
            "module.vpc.aws_vpc.this",
            "module.vpc.aws_vpc_ipv4_cidr_block_association.this"
          ],
          "create_before_destroy": true
        }
      ]
    },
    {
      "module": "module.my-cluster",
      "mode": "managed",
      "type": "aws_iam_policy",
      "name": "cluster_elb_sl_role_creation",
      "provider": "provider[\"registry.terraform.io/hashicorp/aws\"]",
      "instances": [
        {
          "index_key": 0,
          "schema_version": 0,
          "attributes": {
            "arn": "arn:aws:iam::115553109071:policy/my-cluster-elb-sl-role-creation20210621140714294500000001",
            "description": "Permissions for EKS to create AWSServiceRoleForElasticLoadBalancing service-linked role",
            "id": "arn:aws:iam::115553109071:policy/my-cluster-elb-sl-role-creation20210621140714294500000001",
            "name": "my-cluster-elb-sl-role-creation20210621140714294500000001",
            "name_prefix": "my-cluster-elb-sl-role-creation",
            "path": "/",
            "policy": "{\n  \"Version\": \"2012-10-17\",\n  \"Statement\": [\n    {\n      \"Sid\": \"\",\n      \"Effect\": \"Allow\",\n      \"Action\": [\n        \"ec2:DescribeInternetGateways\",\n        \"ec2:DescribeAddresses\",\n        \"ec2:DescribeAccountAttributes\"\n      ],\n      \"Resource\": \"*\"\n    }\n  ]\n}",
            "policy_id": "ANPARVZ4AQRHQF66YGKUB",
            "tags": null,
            "tags_all": {}
          },
          "sensitive_attributes": [],
          "private": "bnVsbA==",
          "dependencies": [
            "module.my-cluster.data.aws_iam_policy_document.cluster_elb_sl_role_creation"
          ]
        }
      ]
    },
    {
      "module": "module.my-cluster",
      "mode": "managed",
      "type": "aws_iam_role",
      "name": "cluster",
      "provider": "provider[\"registry.terraform.io/hashicorp/aws\"]",
      "instances": [
        {
          "index_key": 0,
          "schema_version": 0,
          "attributes": {
            "arn": "arn:aws:iam::115553109071:role/my-cluster20210621140714296400000002",
            "assume_role_policy": "{\"Version\":\"2012-10-17\",\"Statement\":[{\"Sid\":\"EKSClusterAssumeRole\",\"Effect\":\"Allow\",\"Principal\":{\"Service\":\"eks.amazonaws.com\"},\"Action\":\"sts:AssumeRole\"}]}",
            "create_date": "2021-06-21T14:07:15Z",
            "description": "",
            "force_detach_policies": true,
            "id": "my-cluster20210621140714296400000002",
            "inline_policy": [
              {
                "name": "",
                "policy": ""
              }
            ],
            "managed_policy_arns": [],
            "max_session_duration": 3600,
            "name": "my-cluster20210621140714296400000002",
            "name_prefix": "my-cluster",
            "path": "/",
            "permissions_boundary": null,
            "tags": null,
            "tags_all": {},
            "unique_id": "AROARVZ4AQRH4SOUTCBXZ"
          },
          "sensitive_attributes": [],
          "private": "bnVsbA==",
          "dependencies": [
            "module.my-cluster.data.aws_iam_policy_document.cluster_assume_role_policy"
          ],
          "create_before_destroy": true
        }
      ]
    },
    {
      "module": "module.my-cluster",
      "mode": "managed",
      "type": "aws_iam_role",
      "name": "workers",
      "provider": "provider[\"registry.terraform.io/hashicorp/aws\"]",
      "instances": [
        {
          "index_key": 0,
          "schema_version": 0,
          "attributes": {
            "arn": "arn:aws:iam::115553109071:role/my-cluster20210621141930025400000009",
            "assume_role_policy": "{\"Version\":\"2012-10-17\",\"Statement\":[{\"Sid\":\"EKSWorkerAssumeRole\",\"Effect\":\"Allow\",\"Principal\":{\"Service\":\"ec2.amazonaws.com\"},\"Action\":\"sts:AssumeRole\"}]}",
            "create_date": "2021-06-21T14:19:30Z",
            "description": "",
            "force_detach_policies": true,
            "id": "my-cluster20210621141930025400000009",
            "inline_policy": [
              {
                "name": "",
                "policy": ""
              }
            ],
            "managed_policy_arns": [],
            "max_session_duration": 3600,
            "name": "my-cluster20210621141930025400000009",
            "name_prefix": "my-cluster",
            "path": "/",
            "permissions_boundary": null,
            "tags": null,
            "tags_all": {},
            "unique_id": "AROARVZ4AQRH55UY23S5N"
          },
          "sensitive_attributes": [],
          "private": "bnVsbA==",
          "dependencies": [
            "module.my-cluster.aws_cloudwatch_log_group.this",
            "module.my-cluster.aws_eks_cluster.this",
            "module.my-cluster.aws_iam_role.cluster",
            "module.my-cluster.aws_iam_role_policy_attachment.cluster_AmazonEKSClusterPolicy",
            "module.my-cluster.aws_iam_role_policy_attachment.cluster_AmazonEKSServicePolicy",
            "module.my-cluster.aws_iam_role_policy_attachment.cluster_AmazonEKSVPCResourceControllerPolicy",
            "module.my-cluster.aws_security_group.cluster",
            "module.my-cluster.aws_security_group.workers",
            "module.my-cluster.aws_security_group_rule.cluster_egress_internet",
            "module.my-cluster.aws_security_group_rule.cluster_https_worker_ingress",
            "module.my-cluster.data.aws_iam_policy_document.cluster_assume_role_policy",
            "module.my-cluster.data.aws_iam_policy_document.workers_assume_role_policy",
            "module.my-cluster.data.aws_iam_role.custom_cluster_iam_role",
            "module.my-cluster.data.aws_partition.current",
            "module.vpc.aws_subnet.private",
            "module.vpc.aws_vpc.this",
            "module.vpc.aws_vpc_ipv4_cidr_block_association.this"
          ],
          "create_before_destroy": true
        }
      ]
    },
    {
      "module": "module.my-cluster",
      "mode": "managed",
      "type": "aws_iam_role_policy_attachment",
      "name": "cluster_AmazonEKSClusterPolicy",
      "provider": "provider[\"registry.terraform.io/hashicorp/aws\"]",
      "instances": [
        {
          "index_key": 0,
          "schema_version": 0,
          "attributes": {
            "id": "my-cluster20210621140714296400000002-20210621140723654900000006",
            "policy_arn": "arn:aws:iam::aws:policy/AmazonEKSClusterPolicy",
            "role": "my-cluster20210621140714296400000002"
          },
          "sensitive_attributes": [],
          "private": "bnVsbA==",
          "dependencies": [
            "module.my-cluster.aws_iam_role.cluster",
            "module.my-cluster.data.aws_iam_policy_document.cluster_assume_role_policy",
            "module.my-cluster.data.aws_partition.current"
          ],
          "create_before_destroy": true
        }
      ]
    },
    {
      "module": "module.my-cluster",
      "mode": "managed",
      "type": "aws_iam_role_policy_attachment",
      "name": "cluster_AmazonEKSServicePolicy",
      "provider": "provider[\"registry.terraform.io/hashicorp/aws\"]",
      "instances": [
        {
          "index_key": 0,
          "schema_version": 0,
          "attributes": {
            "id": "my-cluster20210621140714296400000002-20210621140723253700000005",
            "policy_arn": "arn:aws:iam::aws:policy/AmazonEKSServicePolicy",
            "role": "my-cluster20210621140714296400000002"
          },
          "sensitive_attributes": [],
          "private": "bnVsbA==",
          "dependencies": [
            "module.my-cluster.aws_iam_role.cluster",
            "module.my-cluster.data.aws_iam_policy_document.cluster_assume_role_policy",
            "module.my-cluster.data.aws_partition.current"
          ],
          "create_before_destroy": true
        }
      ]
    },
    {
      "module": "module.my-cluster",
      "mode": "managed",
      "type": "aws_iam_role_policy_attachment",
      "name": "cluster_AmazonEKSVPCResourceControllerPolicy",
      "provider": "provider[\"registry.terraform.io/hashicorp/aws\"]",
      "instances": [
        {
          "index_key": 0,
          "schema_version": 0,
          "attributes": {
            "id": "my-cluster20210621140714296400000002-20210621140723247500000004",
            "policy_arn": "arn:aws:iam::aws:policy/AmazonEKSVPCResourceController",
            "role": "my-cluster20210621140714296400000002"
          },
          "sensitive_attributes": [],
          "private": "bnVsbA==",
          "dependencies": [
            "module.my-cluster.aws_iam_role.cluster",
            "module.my-cluster.data.aws_iam_policy_document.cluster_assume_role_policy",
            "module.my-cluster.data.aws_partition.current"
          ],
          "create_before_destroy": true
        }
      ]
    },
    {
      "module": "module.my-cluster",
      "mode": "managed",
      "type": "aws_iam_role_policy_attachment",
      "name": "cluster_elb_sl_role_creation",
      "provider": "provider[\"registry.terraform.io/hashicorp/aws\"]",
      "instances": [
        {
          "index_key": 0,
          "schema_version": 0,
          "attributes": {
            "id": "my-cluster20210621140714296400000002-20210621140723245600000003",
            "policy_arn": "arn:aws:iam::115553109071:policy/my-cluster-elb-sl-role-creation20210621140714294500000001",
            "role": "my-cluster20210621140714296400000002"
          },
          "sensitive_attributes": [],
          "private": "bnVsbA==",
          "dependencies": [
            "module.my-cluster.aws_iam_policy.cluster_elb_sl_role_creation",
            "module.my-cluster.aws_iam_role.cluster",
            "module.my-cluster.data.aws_iam_policy_document.cluster_assume_role_policy",
            "module.my-cluster.data.aws_iam_policy_document.cluster_elb_sl_role_creation"
          ]
        }
      ]
    },
    {
      "module": "module.my-cluster",
      "mode": "managed",
      "type": "aws_iam_role_policy_attachment",
      "name": "workers_AmazonEC2ContainerRegistryReadOnly",
      "provider": "provider[\"registry.terraform.io/hashicorp/aws\"]",
      "instances": [
        {
          "index_key": 0,
          "schema_version": 0,
          "attributes": {
            "id": "my-cluster20210621141930025400000009-2021062114193899080000000b",
            "policy_arn": "arn:aws:iam::aws:policy/AmazonEC2ContainerRegistryReadOnly",
            "role": "my-cluster20210621141930025400000009"
          },
          "sensitive_attributes": [],
          "private": "bnVsbA==",
          "dependencies": [
            "module.my-cluster.aws_cloudwatch_log_group.this",
            "module.my-cluster.aws_eks_cluster.this",
            "module.my-cluster.aws_iam_role.cluster",
            "module.my-cluster.aws_iam_role.workers",
            "module.my-cluster.aws_iam_role_policy_attachment.cluster_AmazonEKSClusterPolicy",
            "module.my-cluster.aws_iam_role_policy_attachment.cluster_AmazonEKSServicePolicy",
            "module.my-cluster.aws_iam_role_policy_attachment.cluster_AmazonEKSVPCResourceControllerPolicy",
            "module.my-cluster.aws_security_group.cluster",
            "module.my-cluster.aws_security_group.workers",
            "module.my-cluster.aws_security_group_rule.cluster_egress_internet",
            "module.my-cluster.aws_security_group_rule.cluster_https_worker_ingress",
            "module.my-cluster.data.aws_iam_policy_document.cluster_assume_role_policy",
            "module.my-cluster.data.aws_iam_policy_document.workers_assume_role_policy",
            "module.my-cluster.data.aws_iam_role.custom_cluster_iam_role",
            "module.my-cluster.data.aws_partition.current",
            "module.vpc.aws_subnet.private",
            "module.vpc.aws_vpc.this",
            "module.vpc.aws_vpc_ipv4_cidr_block_association.this"
          ],
          "create_before_destroy": true
        }
      ]
    },
    {
      "module": "module.my-cluster",
      "mode": "managed",
      "type": "aws_iam_role_policy_attachment",
      "name": "workers_AmazonEKSWorkerNodePolicy",
      "provider": "provider[\"registry.terraform.io/hashicorp/aws\"]",
      "instances": [
        {
          "index_key": 0,
          "schema_version": 0,
          "attributes": {
            "id": "my-cluster20210621141930025400000009-2021062114193900550000000c",
            "policy_arn": "arn:aws:iam::aws:policy/AmazonEKSWorkerNodePolicy",
            "role": "my-cluster20210621141930025400000009"
          },
          "sensitive_attributes": [],
          "private": "bnVsbA==",
          "dependencies": [
            "module.my-cluster.aws_cloudwatch_log_group.this",
            "module.my-cluster.aws_eks_cluster.this",
            "module.my-cluster.aws_iam_role.cluster",
            "module.my-cluster.aws_iam_role.workers",
            "module.my-cluster.aws_iam_role_policy_attachment.cluster_AmazonEKSClusterPolicy",
            "module.my-cluster.aws_iam_role_policy_attachment.cluster_AmazonEKSServicePolicy",
            "module.my-cluster.aws_iam_role_policy_attachment.cluster_AmazonEKSVPCResourceControllerPolicy",
            "module.my-cluster.aws_security_group.cluster",
            "module.my-cluster.aws_security_group.workers",
            "module.my-cluster.aws_security_group_rule.cluster_egress_internet",
            "module.my-cluster.aws_security_group_rule.cluster_https_worker_ingress",
            "module.my-cluster.data.aws_iam_policy_document.cluster_assume_role_policy",
            "module.my-cluster.data.aws_iam_policy_document.workers_assume_role_policy",
            "module.my-cluster.data.aws_iam_role.custom_cluster_iam_role",
            "module.my-cluster.data.aws_partition.current",
            "module.vpc.aws_subnet.private",
            "module.vpc.aws_vpc.this",
            "module.vpc.aws_vpc_ipv4_cidr_block_association.this"
          ],
          "create_before_destroy": true
        }
      ]
    },
    {
      "module": "module.my-cluster",
      "mode": "managed",
      "type": "aws_iam_role_policy_attachment",
      "name": "workers_AmazonEKS_CNI_Policy",
      "provider": "provider[\"registry.terraform.io/hashicorp/aws\"]",
      "instances": [
        {
          "index_key": 0,
          "schema_version": 0,
          "attributes": {
            "id": "my-cluster20210621141930025400000009-2021062114193901770000000d",
            "policy_arn": "arn:aws:iam::aws:policy/AmazonEKS_CNI_Policy",
            "role": "my-cluster20210621141930025400000009"
          },
          "sensitive_attributes": [],
          "private": "bnVsbA==",
          "dependencies": [
            "module.my-cluster.aws_cloudwatch_log_group.this",
            "module.my-cluster.aws_eks_cluster.this",
            "module.my-cluster.aws_iam_role.cluster",
            "module.my-cluster.aws_iam_role.workers",
            "module.my-cluster.aws_iam_role_policy_attachment.cluster_AmazonEKSClusterPolicy",
            "module.my-cluster.aws_iam_role_policy_attachment.cluster_AmazonEKSServicePolicy",
            "module.my-cluster.aws_iam_role_policy_attachment.cluster_AmazonEKSVPCResourceControllerPolicy",
            "module.my-cluster.aws_security_group.cluster",
            "module.my-cluster.aws_security_group.workers",
            "module.my-cluster.aws_security_group_rule.cluster_egress_internet",
            "module.my-cluster.aws_security_group_rule.cluster_https_worker_ingress",
            "module.my-cluster.data.aws_iam_policy_document.cluster_assume_role_policy",
            "module.my-cluster.data.aws_iam_policy_document.workers_assume_role_policy",
            "module.my-cluster.data.aws_iam_role.custom_cluster_iam_role",
            "module.my-cluster.data.aws_partition.current",
            "module.vpc.aws_subnet.private",
            "module.vpc.aws_vpc.this",
            "module.vpc.aws_vpc_ipv4_cidr_block_association.this"
          ],
          "create_before_destroy": true
        }
      ]
    },
    {
      "module": "module.my-cluster",
      "mode": "managed",
      "type": "aws_launch_configuration",
      "name": "workers",
      "provider": "provider[\"registry.terraform.io/hashicorp/aws\"]",
      "instances": [
        {
          "index_key": 0,
          "schema_version": 0,
          "attributes": {
            "arn": "arn:aws:autoscaling:us-east-1:115553109071:launchConfiguration:b6d7b219-2476-4fa6-9c46-b10c9174289c:launchConfigurationName/my-cluster-02021062114194059320000000e",
            "associate_public_ip_address": false,
            "ebs_block_device": [],
            "ebs_optimized": true,
            "enable_monitoring": true,
            "ephemeral_block_device": [],
            "iam_instance_profile": "my-cluster2021062114193820670000000a",
            "id": "my-cluster-02021062114194059320000000e",
            "image_id": "ami-0cfde6d4e50a9037b",
            "instance_type": "m4.large",
            "key_name": "",
            "metadata_options": [
              {
                "http_endpoint": "enabled",
                "http_put_response_hop_limit": 1,
                "http_tokens": "optional"
              }
            ],
            "name": "my-cluster-02021062114194059320000000e",
            "name_prefix": "my-cluster-0",
            "placement_tenancy": "",
            "root_block_device": [
              {
                "delete_on_termination": true,
                "encrypted": false,
                "iops": 0,
                "throughput": 0,
                "volume_size": 100,
                "volume_type": "gp2"
              }
            ],
            "security_groups": [
              "sg-076113f4dbf56b7ed"
            ],
            "spot_price": "",
            "user_data": null,
            "user_data_base64": "IyEvYmluL2Jhc2ggLWUKCiMgQWxsb3cgdXNlciBzdXBwbGllZCBwcmUgdXNlcmRhdGEgY29kZQoKCiMgQm9vdHN0cmFwIGFuZCBqb2luIHRoZSBjbHVzdGVyCi9ldGMvZWtzL2Jvb3RzdHJhcC5zaCAtLWI2NC1jbHVzdGVyLWNhICdMUzB0TFMxQ1JVZEpUaUJEUlZKVVNVWkpRMEZVUlMwdExTMHRDazFKU1VONVJFTkRRV0pEWjBGM1NVSkJaMGxDUVVSQlRrSm5hM0ZvYTJsSE9YY3dRa0ZSYzBaQlJFRldUVkpOZDBWUldVUldVVkZFUlhkd2NtUlhTbXdLWTIwMWJHUkhWbnBOUWpSWVJGUkplRTFFV1hsTlZFVXdUVlJSTUU5R2IxaEVWRTE0VFVSWmVFOVVSVEJOVkZFd1QwWnZkMFpVUlZSTlFrVkhRVEZWUlFwQmVFMUxZVE5XYVZwWVNuVmFXRkpzWTNwRFEwRlRTWGRFVVZsS1MyOWFTV2gyWTA1QlVVVkNRbEZCUkdkblJWQkJSRU5EUVZGdlEyZG5SVUpCVHpoTUNuYzRPVU5RTlRSU01sTlpWbXhWYjBFMk5XUkNOMGMyTVVWaVRsTTRZVkkyZEVWTVNHaGhUWFUzVUVoaGVsVlpSSGw1UTNONGMyaHlORWwwY2twbmIzb0tSR3RJWjBkcFFuSmhTRFJKTWxWaU5rdGhiVVJOWVVOd1Eza3ZSemRyUTFab1EzSmhla0ppYkVkdWFVTlVlRVZxYWxsWk1VaFRLMWd3V25rMU5WcEJSZ3BhUldGbVFqRm1OamRwUldaMU1saFRURmR1Y2pOeVNHWTNhbVZwVlVwWmFFMTFXbEIzTmt4V1puQkJaemRxY1dKWFFrczNNVFJOZGxreU4zTTRNVXhNQ2pKUWNHNVpVRGRDSzBwSVExVjRPVUZ6Y2pGWE5sRXhhV0ZIYmk5bk9FNVRjMUo2TmpjcmRuSlhhVVJHVjA0NFRHVkdZMXBOZWt4UksyOWxkQzlZVEZBS01qVlZhVGhpY25ZNWNGRkxhMUZFZDFJM2F6TkllbFJzWjFoaGRuTktWVFozT1dFdmIzTk9hbU5qVWpKcGFrMWhNVXRaWkhVeldsQjFXR3htYzNKNFpnb3lRa1Z0Vm05U1VrZHpNUzl5UzFsalVVb3dRMEYzUlVGQllVMXFUVU5GZDBSbldVUldVakJRUVZGSUwwSkJVVVJCWjB0clRVRTRSMEV4VldSRmQwVkNDaTkzVVVaTlFVMUNRV1k0ZDBSUldVcExiMXBKYUhaalRrRlJSVXhDVVVGRVoyZEZRa0ZFUmpscFkxQnRUblJUY1RONmVVeFNiR3RLUlZCT1FuQnNkbU1LTldRMmJGZG9iRmRTVFdwdlNXdzNiaTgzZW1SUlUxRnVkeXRpV1RaS2NsZFdOSHBrVmtOSldFZEVkSGtyT0VJclNGWjRVbWxzVURNek5rYzRjaXRVYndwQ2VrMTJUemgwWldGcFFYaGtkV2RDYmpkR2VXMXpXR3h0ZUhOYWJUZzBXazlOWTJ4WE4ybHNXVkV5VXpKU1JVdE1PRUl5TVdSQ01YRnNSRU5PYWtGaUNsVmFNVkpLUzFkUk9XdHpRVEJqTTFRclJuUlhhbk5MVW1SR1ltMVNlbk12Um5sVWNtcG5WVVZ4TTJGR1JVdGtNVlJvWVVOVVZWbHRSRmMzTlRZMGNURUtRVkk1TVhwNk5VRlJkVlpWWVRkQ2IwRldkM0I2YVZsdlF6UXlRV0ZwUWk5b1ZXNXJZWFJwZGxSbVZXVXhNbTFQT1ZReFdXRktOMUowWkhKS2NteFFlQXBtV214emJtNTBTakpHV0dwWGFHaHhSakZ3WXpKd2VFOVBTVTVRWlU1WVoxUXdXalpTV0RSdk1HaFNUazlDWjJSRU9ESmFlbmQ1WTBWUk1EMEtMUzB0TFMxRlRrUWdRMFZTVkVsR1NVTkJWRVV0TFMwdExRbz0nIC0tYXBpc2VydmVyLWVuZHBvaW50ICdodHRwczovL0NERjM0QUNEMzVGQUFENDQyRDMxQ0REOEJCNUQzNkM3LmdyNy51cy1lYXN0LTEuZWtzLmFtYXpvbmF3cy5jb20nICAtLWt1YmVsZXQtZXh0cmEtYXJncyAiIiAnbXktY2x1c3RlcicKCiMgQWxsb3cgdXNlciBzdXBwbGllZCB1c2VyZGF0YSBjb2RlCgo=",
            "vpc_classic_link_id": "",
            "vpc_classic_link_security_groups": null
          },
          "sensitive_attributes": [],
          "private": "bnVsbA==",
          "dependencies": [
            "module.my-cluster.aws_cloudwatch_log_group.this",
            "module.my-cluster.aws_eks_cluster.this",
            "module.my-cluster.aws_iam_instance_profile.workers",
            "module.my-cluster.aws_iam_role.cluster",
            "module.my-cluster.aws_iam_role.workers",
            "module.my-cluster.aws_iam_role_policy_attachment.cluster_AmazonEKSClusterPolicy",
            "module.my-cluster.aws_iam_role_policy_attachment.cluster_AmazonEKSServicePolicy",
            "module.my-cluster.aws_iam_role_policy_attachment.cluster_AmazonEKSVPCResourceControllerPolicy",
            "module.my-cluster.aws_iam_role_policy_attachment.workers_AmazonEC2ContainerRegistryReadOnly",
            "module.my-cluster.aws_iam_role_policy_attachment.workers_AmazonEKSWorkerNodePolicy",
            "module.my-cluster.aws_iam_role_policy_attachment.workers_AmazonEKS_CNI_Policy",
            "module.my-cluster.aws_iam_role_policy_attachment.workers_additional_policies",
            "module.my-cluster.aws_security_group.cluster",
            "module.my-cluster.aws_security_group.workers",
            "module.my-cluster.aws_security_group_rule.cluster_egress_internet",
            "module.my-cluster.aws_security_group_rule.cluster_https_worker_ingress",
            "module.my-cluster.aws_security_group_rule.cluster_primary_ingress_workers",
            "module.my-cluster.aws_security_group_rule.workers_egress_internet",
            "module.my-cluster.aws_security_group_rule.workers_ingress_cluster",
            "module.my-cluster.aws_security_group_rule.workers_ingress_cluster_https",
            "module.my-cluster.aws_security_group_rule.workers_ingress_cluster_kubelet",
            "module.my-cluster.aws_security_group_rule.workers_ingress_cluster_primary",
            "module.my-cluster.aws_security_group_rule.workers_ingress_self",
            "module.my-cluster.data.aws_ami.eks_worker",
            "module.my-cluster.data.aws_ami.eks_worker_windows",
            "module.my-cluster.data.aws_iam_instance_profile.custom_worker_group_iam_instance_profile",
            "module.my-cluster.data.aws_iam_policy_document.cluster_assume_role_policy",
            "module.my-cluster.data.aws_iam_policy_document.workers_assume_role_policy",
            "module.my-cluster.data.aws_iam_role.custom_cluster_iam_role",
            "module.my-cluster.data.aws_partition.current",
            "module.vpc.aws_subnet.private",
            "module.vpc.aws_vpc.this",
            "module.vpc.aws_vpc_ipv4_cidr_block_association.this"
          ],
          "create_before_destroy": true
        }
      ]
    },
    {
      "module": "module.my-cluster",
      "mode": "managed",
      "type": "aws_security_group",
      "name": "cluster",
      "provider": "provider[\"registry.terraform.io/hashicorp/aws\"]",
      "instances": [
        {
          "index_key": 0,
          "schema_version": 1,
          "attributes": {
            "arn": "arn:aws:ec2:us-east-1:115553109071:security-group/sg-087cf3957f9627447",
            "description": "EKS cluster security group.",
            "egress": [],
            "id": "sg-087cf3957f9627447",
            "ingress": [],
            "name": "my-cluster20210621140726201300000007",
            "name_prefix": "my-cluster",
            "owner_id": "115553109071",
            "revoke_rules_on_delete": false,
            "tags": {
              "Name": "my-cluster-eks_cluster_sg"
            },
            "tags_all": {
              "Name": "my-cluster-eks_cluster_sg"
            },
            "timeouts": null,
            "vpc_id": "vpc-02b7f3126a5108c32"
          },
          "sensitive_attributes": [],
          "private": "eyJlMmJmYjczMC1lY2FhLTExZTYtOGY4OC0zNDM2M2JjN2M0YzAiOnsiY3JlYXRlIjo2MDAwMDAwMDAwMDAsImRlbGV0ZSI6OTAwMDAwMDAwMDAwfSwic2NoZW1hX3ZlcnNpb24iOiIxIn0=",
          "dependencies": [
            "module.vpc.aws_vpc.this"
          ],
          "create_before_destroy": true
        }
      ]
    },
    {
      "module": "module.my-cluster",
      "mode": "managed",
      "type": "aws_security_group",
      "name": "workers",
      "provider": "provider[\"registry.terraform.io/hashicorp/aws\"]",
      "instances": [
        {
          "index_key": 0,
          "schema_version": 1,
          "attributes": {
            "arn": "arn:aws:ec2:us-east-1:115553109071:security-group/sg-076113f4dbf56b7ed",
            "description": "Security group for all nodes in the cluster.",
            "egress": [],
            "id": "sg-076113f4dbf56b7ed",
            "ingress": [],
            "name": "my-cluster20210621140726201600000008",
            "name_prefix": "my-cluster",
            "owner_id": "115553109071",
            "revoke_rules_on_delete": false,
            "tags": {
              "Name": "my-cluster-eks_worker_sg",
              "kubernetes.io/cluster/my-cluster": "owned"
            },
            "tags_all": {
              "Name": "my-cluster-eks_worker_sg",
              "kubernetes.io/cluster/my-cluster": "owned"
            },
            "timeouts": null,
            "vpc_id": "vpc-02b7f3126a5108c32"
          },
          "sensitive_attributes": [],
          "private": "eyJlMmJmYjczMC1lY2FhLTExZTYtOGY4OC0zNDM2M2JjN2M0YzAiOnsiY3JlYXRlIjo2MDAwMDAwMDAwMDAsImRlbGV0ZSI6OTAwMDAwMDAwMDAwfSwic2NoZW1hX3ZlcnNpb24iOiIxIn0=",
          "dependencies": [
            "module.vpc.aws_vpc.this"
          ],
          "create_before_destroy": true
        }
      ]
    },
    {
      "module": "module.my-cluster",
      "mode": "managed",
      "type": "aws_security_group_rule",
      "name": "cluster_egress_internet",
      "provider": "provider[\"registry.terraform.io/hashicorp/aws\"]",
      "instances": [
        {
          "index_key": 0,
          "schema_version": 2,
          "attributes": {
            "cidr_blocks": [
              "0.0.0.0/0"
            ],
            "description": "Allow cluster egress access to the Internet.",
            "from_port": 0,
            "id": "sgrule-1798443457",
            "ipv6_cidr_blocks": null,
            "prefix_list_ids": null,
            "protocol": "-1",
            "security_group_id": "sg-087cf3957f9627447",
            "self": false,
            "source_security_group_id": null,
            "to_port": 0,
            "type": "egress"
          },
          "sensitive_attributes": [],
          "private": "eyJzY2hlbWFfdmVyc2lvbiI6IjIifQ==",
          "dependencies": [
            "module.my-cluster.aws_security_group.cluster",
            "module.vpc.aws_vpc.this"
          ],
          "create_before_destroy": true
        }
      ]
    },
    {
      "module": "module.my-cluster",
      "mode": "managed",
      "type": "aws_security_group_rule",
      "name": "cluster_https_worker_ingress",
      "provider": "provider[\"registry.terraform.io/hashicorp/aws\"]",
      "instances": [
        {
          "index_key": 0,
          "schema_version": 2,
          "attributes": {
            "cidr_blocks": null,
            "description": "Allow pods to communicate with the EKS cluster API.",
            "from_port": 443,
            "id": "sgrule-1835664954",
            "ipv6_cidr_blocks": null,
            "prefix_list_ids": null,
            "protocol": "tcp",
            "security_group_id": "sg-087cf3957f9627447",
            "self": false,
            "source_security_group_id": "sg-076113f4dbf56b7ed",
            "to_port": 443,
            "type": "ingress"
          },
          "sensitive_attributes": [],
          "private": "eyJzY2hlbWFfdmVyc2lvbiI6IjIifQ==",
          "dependencies": [
            "module.my-cluster.aws_security_group.cluster",
            "module.my-cluster.aws_security_group.workers",
            "module.vpc.aws_vpc.this"
          ],
          "create_before_destroy": true
        }
      ]
    },
    {
      "module": "module.my-cluster",
      "mode": "managed",
      "type": "aws_security_group_rule",
      "name": "workers_egress_internet",
      "provider": "provider[\"registry.terraform.io/hashicorp/aws\"]",
      "instances": [
        {
          "index_key": 0,
          "schema_version": 2,
          "attributes": {
            "cidr_blocks": [
              "0.0.0.0/0"
            ],
            "description": "Allow nodes all egress to the Internet.",
            "from_port": 0,
            "id": "sgrule-893283682",
            "ipv6_cidr_blocks": null,
            "prefix_list_ids": null,
            "protocol": "-1",
            "security_group_id": "sg-076113f4dbf56b7ed",
            "self": false,
            "source_security_group_id": null,
            "to_port": 0,
            "type": "egress"
          },
          "sensitive_attributes": [],
          "private": "eyJzY2hlbWFfdmVyc2lvbiI6IjIifQ==",
          "dependencies": [
            "module.my-cluster.aws_security_group.workers",
            "module.vpc.aws_vpc.this"
          ],
          "create_before_destroy": true
        }
      ]
    },
    {
      "module": "module.my-cluster",
      "mode": "managed",
      "type": "aws_security_group_rule",
      "name": "workers_ingress_cluster",
      "provider": "provider[\"registry.terraform.io/hashicorp/aws\"]",
      "instances": [
        {
          "index_key": 0,
          "schema_version": 2,
          "attributes": {
            "cidr_blocks": null,
            "description": "Allow workers pods to receive communication from the cluster control plane.",
            "from_port": 1025,
            "id": "sgrule-3195936393",
            "ipv6_cidr_blocks": null,
            "prefix_list_ids": null,
            "protocol": "tcp",
            "security_group_id": "sg-076113f4dbf56b7ed",
            "self": false,
            "source_security_group_id": "sg-087cf3957f9627447",
            "to_port": 65535,
            "type": "ingress"
          },
          "sensitive_attributes": [],
          "private": "eyJzY2hlbWFfdmVyc2lvbiI6IjIifQ==",
          "dependencies": [
            "module.my-cluster.aws_security_group.cluster",
            "module.my-cluster.aws_security_group.workers",
            "module.vpc.aws_vpc.this"
          ],
          "create_before_destroy": true
        }
      ]
    },
    {
      "module": "module.my-cluster",
      "mode": "managed",
      "type": "aws_security_group_rule",
      "name": "workers_ingress_cluster_https",
      "provider": "provider[\"registry.terraform.io/hashicorp/aws\"]",
      "instances": [
        {
          "index_key": 0,
          "schema_version": 2,
          "attributes": {
            "cidr_blocks": null,
            "description": "Allow pods running extension API servers on port 443 to receive communication from cluster control plane.",
            "from_port": 443,
            "id": "sgrule-846502332",
            "ipv6_cidr_blocks": null,
            "prefix_list_ids": null,
            "protocol": "tcp",
            "security_group_id": "sg-076113f4dbf56b7ed",
            "self": false,
            "source_security_group_id": "sg-087cf3957f9627447",
            "to_port": 443,
            "type": "ingress"
          },
          "sensitive_attributes": [],
          "private": "eyJzY2hlbWFfdmVyc2lvbiI6IjIifQ==",
          "dependencies": [
            "module.my-cluster.aws_security_group.cluster",
            "module.my-cluster.aws_security_group.workers",
            "module.vpc.aws_vpc.this"
          ],
          "create_before_destroy": true
        }
      ]
    },
    {
      "module": "module.my-cluster",
      "mode": "managed",
      "type": "aws_security_group_rule",
      "name": "workers_ingress_self",
      "provider": "provider[\"registry.terraform.io/hashicorp/aws\"]",
      "instances": [
        {
          "index_key": 0,
          "schema_version": 2,
          "attributes": {
            "cidr_blocks": null,
            "description": "Allow node to communicate with each other.",
            "from_port": 0,
            "id": "sgrule-491336861",
            "ipv6_cidr_blocks": null,
            "prefix_list_ids": null,
            "protocol": "-1",
            "security_group_id": "sg-076113f4dbf56b7ed",
            "self": false,
            "source_security_group_id": "sg-076113f4dbf56b7ed",
            "to_port": 65535,
            "type": "ingress"
          },
          "sensitive_attributes": [],
          "private": "eyJzY2hlbWFfdmVyc2lvbiI6IjIifQ==",
          "dependencies": [
            "module.my-cluster.aws_security_group.workers",
            "module.vpc.aws_vpc.this"
          ],
          "create_before_destroy": true
        }
      ]
    },
    {
      "module": "module.my-cluster",
      "mode": "managed",
      "type": "kubernetes_config_map",
      "name": "aws_auth",
      "provider": "provider[\"registry.terraform.io/hashicorp/kubernetes\"]",
      "instances": [
        {
          "index_key": 0,
          "schema_version": 0,
          "attributes": {
            "binary_data": null,
            "data": {
              "mapAccounts": "[]\n",
              "mapRoles": "- \"groups\":\n  - \"system:bootstrappers\"\n  - \"system:nodes\"\n  \"rolearn\": \"arn:aws:iam::115553109071:role/my-cluster20210621141930025400000009\"\n  \"username\": \"system:node:{{EC2PrivateDNSName}}\"\n",
              "mapUsers": "[]\n"
            },
            "id": "kube-system/aws-auth",
            "metadata": [
              {
                "annotations": null,
                "generate_name": "",
                "generation": 0,
                "labels": {
                  "app.kubernetes.io/managed-by": "Terraform",
                  "terraform.io/module": "terraform-aws-modules.eks.aws"
                },
                "name": "aws-auth",
                "namespace": "kube-system",
                "resource_version": "696",
                "self_link": "/api/v1/namespaces/kube-system/configmaps/aws-auth",
                "uid": "04193e5f-6d86-44d5-9544-4d8b8d02db1f"
              }
            ]
          },
          "sensitive_attributes": [],
          "private": "bnVsbA==",
          "dependencies": [
            "data.aws_eks_cluster.cluster",
            "data.aws_eks_cluster_auth.cluster",
            "module.my-cluster.aws_cloudwatch_log_group.this",
            "module.my-cluster.aws_eks_cluster.this",
            "module.my-cluster.aws_iam_instance_profile.workers",
            "module.my-cluster.aws_iam_instance_profile.workers_launch_template",
            "module.my-cluster.aws_iam_role.cluster",
            "module.my-cluster.aws_iam_role.workers",
            "module.my-cluster.aws_iam_role_policy_attachment.cluster_AmazonEKSClusterPolicy",
            "module.my-cluster.aws_iam_role_policy_attachment.cluster_AmazonEKSServicePolicy",
            "module.my-cluster.aws_iam_role_policy_attachment.cluster_AmazonEKSVPCResourceControllerPolicy",
            "module.my-cluster.aws_security_group.cluster",
            "module.my-cluster.aws_security_group.workers",
            "module.my-cluster.aws_security_group_rule.cluster_egress_internet",
            "module.my-cluster.aws_security_group_rule.cluster_https_worker_ingress",
            "module.my-cluster.aws_security_group_rule.cluster_private_access_cidrs_source",
            "module.my-cluster.aws_security_group_rule.cluster_private_access_sg_source",
            "module.my-cluster.data.aws_ami.eks_worker",
            "module.my-cluster.data.aws_ami.eks_worker_windows",
            "module.my-cluster.data.aws_caller_identity.current",
            "module.my-cluster.data.aws_iam_instance_profile.custom_worker_group_iam_instance_profile",
            "module.my-cluster.data.aws_iam_instance_profile.custom_worker_group_launch_template_iam_instance_profile",
            "module.my-cluster.data.aws_iam_policy_document.cluster_assume_role_policy",
            "module.my-cluster.data.aws_iam_policy_document.workers_assume_role_policy",
            "module.my-cluster.data.aws_iam_role.custom_cluster_iam_role",
            "module.my-cluster.data.aws_partition.current",
            "module.my-cluster.data.http.wait_for_cluster",
            "module.my-cluster.module.fargate.aws_iam_role.eks_fargate_pod",
            "module.my-cluster.module.fargate.data.aws_iam_role.custom_fargate_iam_role",
            "module.vpc.aws_subnet.private",
            "module.vpc.aws_vpc.this",
            "module.vpc.aws_vpc_ipv4_cidr_block_association.this"
          ]
        }
      ]
    },
    {
      "module": "module.my-cluster",
      "mode": "managed",
      "type": "local_file",
      "name": "kubeconfig",
      "provider": "provider[\"registry.terraform.io/hashicorp/local\"]",
      "instances": [
        {
          "index_key": 0,
          "schema_version": 0,
          "attributes": {
            "content": "apiVersion: v1\npreferences: {}\nkind: Config\n\nclusters:\n- cluster:\n    server: https://CDF34ACD35FAAD442D31CDD8BB5D36C7.gr7.us-east-1.eks.amazonaws.com\n    certificate-authority-data: LS0tLS1CRUdJTiBDRVJUSUZJQ0FURS0tLS0tCk1JSUN5RENDQWJDZ0F3SUJBZ0lCQURBTkJna3Foa2lHOXcwQkFRc0ZBREFWTVJNd0VRWURWUVFERXdwcmRXSmwKY201bGRHVnpNQjRYRFRJeE1EWXlNVEUwTVRRME9Gb1hEVE14TURZeE9URTBNVFEwT0Zvd0ZURVRNQkVHQTFVRQpBeE1LYTNWaVpYSnVaWFJsY3pDQ0FTSXdEUVlKS29aSWh2Y05BUUVCQlFBRGdnRVBBRENDQVFvQ2dnRUJBTzhMCnc4OUNQNTRSMlNZVmxVb0E2NWRCN0c2MUViTlM4YVI2dEVMSGhhTXU3UEhhelVZRHl5Q3N4c2hyNEl0ckpnb3oKRGtIZ0dpQnJhSDRJMlViNkthbURNYUNwQ3kvRzdrQ1ZoQ3JhekJibEduaUNUeEVqallZMUhTK1gwWnk1NVpBRgpaRWFmQjFmNjdpRWZ1MlhTTFducjNySGY3amVpVUpZaE11WlB3NkxWZnBBZzdqcWJXQks3MTRNdlkyN3M4MUxMCjJQcG5ZUDdCK0pIQ1V4OUFzcjFXNlExaWFHbi9nOE5Tc1J6NjcrdnJXaURGV044TGVGY1pNekxRK29ldC9YTFAKMjVVaThicnY5cFFLa1FEd1I3azNIelRsZ1hhdnNKVTZ3OWEvb3NOamNjUjJpak1hMUtZZHUzWlB1WGxmc3J4ZgoyQkVtVm9SUkdzMS9yS1ljUUowQ0F3RUFBYU1qTUNFd0RnWURWUjBQQVFIL0JBUURBZ0trTUE4R0ExVWRFd0VCCi93UUZNQU1CQWY4d0RRWUpLb1pJaHZjTkFRRUxCUUFEZ2dFQkFERjlpY1BtTnRTcTN6eUxSbGtKRVBOQnBsdmMKNWQ2bFdobFdSTWpvSWw3bi83emRRU1FudytiWTZKcldWNHpkVkNJWEdEdHkrOEIrSFZ4UmlsUDMzNkc4citUbwpCek12Tzh0ZWFpQXhkdWdCbjdGeW1zWGxteHNabTg0Wk9NY2xXN2lsWVEyUzJSRUtMOEIyMWRCMXFsRENOakFiClVaMVJKS1dROWtzQTBjM1QrRnRXanNLUmRGYm1SenMvRnlUcmpnVUVxM2FGRUtkMVRoYUNUVVltRFc3NTY0cTEKQVI5MXp6NUFRdVZVYTdCb0FWd3B6aVlvQzQyQWFpQi9oVW5rYXRpdlRmVWUxMm1POVQxWWFKN1J0ZHJKcmxQeApmWmxzbm50SjJGWGpXaGhxRjFwYzJweE9PSU5QZU5YZ1QwWjZSWDRvMGhSTk9CZ2REODJaend5Y0VRMD0KLS0tLS1FTkQgQ0VSVElGSUNBVEUtLS0tLQo=\n  name: eks_my-cluster\n\ncontexts:\n- context:\n    cluster: eks_my-cluster\n    user: eks_my-cluster\n  name: eks_my-cluster\n\ncurrent-context: eks_my-cluster\n\nusers:\n- name: eks_my-cluster\n  user:\n    exec:\n      apiVersion: client.authentication.k8s.io/v1alpha1\n      command: aws-iam-authenticator\n      args:\n        - \"token\"\n        - \"-i\"\n        - \"my-cluster\"\n",
            "content_base64": null,
            "directory_permission": "0755",
            "file_permission": "0600",
            "filename": "./kubeconfig_my-cluster",
            "id": "d52d2d93edf83824305fc5157ba08ca1a43b575e",
            "sensitive_content": null,
            "source": null
          },
          "sensitive_attributes": [],
          "private": "bnVsbA==",
          "dependencies": [
            "module.my-cluster.aws_cloudwatch_log_group.this",
            "module.my-cluster.aws_eks_cluster.this",
            "module.my-cluster.aws_iam_role.cluster",
            "module.my-cluster.aws_iam_role_policy_attachment.cluster_AmazonEKSClusterPolicy",
            "module.my-cluster.aws_iam_role_policy_attachment.cluster_AmazonEKSServicePolicy",
            "module.my-cluster.aws_iam_role_policy_attachment.cluster_AmazonEKSVPCResourceControllerPolicy",
            "module.my-cluster.aws_security_group.cluster",
            "module.my-cluster.aws_security_group.workers",
            "module.my-cluster.aws_security_group_rule.cluster_egress_internet",
            "module.my-cluster.aws_security_group_rule.cluster_https_worker_ingress",
            "module.my-cluster.data.aws_iam_policy_document.cluster_assume_role_policy",
            "module.my-cluster.data.aws_iam_role.custom_cluster_iam_role",
            "module.my-cluster.data.aws_partition.current",
            "module.vpc.aws_subnet.private",
            "module.vpc.aws_vpc.this",
            "module.vpc.aws_vpc_ipv4_cidr_block_association.this"
          ]
        }
      ]
    },
    {
      "module": "module.vpc",
      "mode": "managed",
      "type": "aws_eip",
      "name": "nat",
      "provider": "provider[\"registry.terraform.io/hashicorp/aws\"]",
      "instances": [
        {
          "index_key": 0,
          "schema_version": 0,
          "attributes": {
            "address": null,
            "allocation_id": null,
            "associate_with_private_ip": null,
            "association_id": "",
            "carrier_ip": "",
            "customer_owned_ip": "",
            "customer_owned_ipv4_pool": "",
            "domain": "vpc",
            "id": "eipalloc-070914c57f6f1e1b4",
            "instance": "",
            "network_border_group": "us-east-1",
            "network_interface": "",
            "private_dns": null,
            "private_ip": "",
            "public_dns": "ec2-3-213-215-2.compute-1.amazonaws.com",
            "public_ip": "3.213.215.2",
            "public_ipv4_pool": "amazon",
            "tags": {
              "Name": "test-us-east-1a"
            },
            "tags_all": {
              "Name": "test-us-east-1a"
            },
            "timeouts": null,
            "vpc": true
          },
          "sensitive_attributes": [],
          "private": "eyJlMmJmYjczMC1lY2FhLTExZTYtOGY4OC0zNDM2M2JjN2M0YzAiOnsiZGVsZXRlIjoxODAwMDAwMDAwMDAsInJlYWQiOjkwMDAwMDAwMDAwMCwidXBkYXRlIjozMDAwMDAwMDAwMDB9fQ=="
        },
        {
          "index_key": 1,
          "schema_version": 0,
          "attributes": {
            "address": null,
            "allocation_id": null,
            "associate_with_private_ip": null,
            "association_id": "",
            "carrier_ip": "",
            "customer_owned_ip": "",
            "customer_owned_ipv4_pool": "",
            "domain": "vpc",
            "id": "eipalloc-006743aee166e0f70",
            "instance": "",
            "network_border_group": "us-east-1",
            "network_interface": "",
            "private_dns": null,
            "private_ip": "",
            "public_dns": "ec2-3-209-212-11.compute-1.amazonaws.com",
            "public_ip": "3.209.212.11",
            "public_ipv4_pool": "amazon",
            "tags": {
              "Name": "test-us-east-1b"
            },
            "tags_all": {
              "Name": "test-us-east-1b"
            },
            "timeouts": null,
            "vpc": true
          },
          "sensitive_attributes": [],
          "private": "eyJlMmJmYjczMC1lY2FhLTExZTYtOGY4OC0zNDM2M2JjN2M0YzAiOnsiZGVsZXRlIjoxODAwMDAwMDAwMDAsInJlYWQiOjkwMDAwMDAwMDAwMCwidXBkYXRlIjozMDAwMDAwMDAwMDB9fQ=="
        }
      ]
    },
    {
      "module": "module.vpc",
      "mode": "managed",
      "type": "aws_internet_gateway",
      "name": "this",
      "provider": "provider[\"registry.terraform.io/hashicorp/aws\"]",
      "instances": [
        {
          "index_key": 0,
          "schema_version": 0,
          "attributes": {
            "arn": "arn:aws:ec2:us-east-1:115553109071:internet-gateway/igw-0148c476914ff0b38",
            "id": "igw-0148c476914ff0b38",
            "owner_id": "115553109071",
            "tags": {
              "Name": "test"
            },
            "tags_all": {
              "Name": "test"
            },
            "vpc_id": "vpc-02b7f3126a5108c32"
          },
          "sensitive_attributes": [],
          "private": "bnVsbA==",
          "dependencies": [
            "module.vpc.aws_vpc.this",
            "module.vpc.aws_vpc_ipv4_cidr_block_association.this"
          ]
        }
      ]
    },
    {
      "module": "module.vpc",
      "mode": "managed",
      "type": "aws_nat_gateway",
      "name": "this",
      "provider": "provider[\"registry.terraform.io/hashicorp/aws\"]",
      "instances": [
        {
          "index_key": 0,
          "schema_version": 0,
          "attributes": {
            "allocation_id": "eipalloc-070914c57f6f1e1b4",
            "connectivity_type": "public",
            "id": "nat-02d56cb0a5526227b",
            "network_interface_id": "eni-0def94a5ed3fb7cf3",
            "private_ip": "10.0.101.224",
            "public_ip": "3.213.215.2",
            "subnet_id": "subnet-01646b282db0e6add",
            "tags": {
              "Name": "test-us-east-1a"
            },
            "tags_all": {
              "Name": "test-us-east-1a"
            }
          },
          "sensitive_attributes": [],
          "private": "bnVsbA==",
          "dependencies": [
            "module.vpc.aws_eip.nat",
            "module.vpc.aws_internet_gateway.this",
            "module.vpc.aws_subnet.public",
            "module.vpc.aws_vpc.this",
            "module.vpc.aws_vpc_ipv4_cidr_block_association.this"
          ]
        },
        {
          "index_key": 1,
          "schema_version": 0,
          "attributes": {
            "allocation_id": "eipalloc-006743aee166e0f70",
            "connectivity_type": "public",
            "id": "nat-074e6f093539831d9",
            "network_interface_id": "eni-0d71a2a6376e770ae",
            "private_ip": "10.0.102.217",
            "public_ip": "3.209.212.11",
            "subnet_id": "subnet-0ba91749c22101798",
            "tags": {
              "Name": "test-us-east-1b"
            },
            "tags_all": {
              "Name": "test-us-east-1b"
            }
          },
          "sensitive_attributes": [],
          "private": "bnVsbA==",
          "dependencies": [
            "module.vpc.aws_eip.nat",
            "module.vpc.aws_internet_gateway.this",
            "module.vpc.aws_subnet.public",
            "module.vpc.aws_vpc.this",
            "module.vpc.aws_vpc_ipv4_cidr_block_association.this"
          ]
        }
      ]
    },
    {
      "module": "module.vpc",
      "mode": "managed",
      "type": "aws_route",
      "name": "private_nat_gateway",
      "provider": "provider[\"registry.terraform.io/hashicorp/aws\"]",
      "instances": [
        {
          "index_key": 0,
          "schema_version": 0,
          "attributes": {
            "carrier_gateway_id": "",
            "destination_cidr_block": "0.0.0.0/0",
            "destination_ipv6_cidr_block": "",
            "destination_prefix_list_id": "",
            "egress_only_gateway_id": "",
            "gateway_id": "",
            "id": "r-rtb-08f6e18da0ff006261080289494",
            "instance_id": "",
            "instance_owner_id": "",
            "local_gateway_id": "",
            "nat_gateway_id": "nat-02d56cb0a5526227b",
            "network_interface_id": "",
            "origin": "CreateRoute",
            "route_table_id": "rtb-08f6e18da0ff00626",
            "state": "active",
            "timeouts": {
              "create": "5m",
              "delete": null
            },
            "transit_gateway_id": "",
            "vpc_endpoint_id": "",
            "vpc_peering_connection_id": ""
          },
          "sensitive_attributes": [],
          "private": "eyJlMmJmYjczMC1lY2FhLTExZTYtOGY4OC0zNDM2M2JjN2M0YzAiOnsiY3JlYXRlIjozMDAwMDAwMDAwMDAsImRlbGV0ZSI6MzAwMDAwMDAwMDAwfX0=",
          "dependencies": [
            "module.vpc.aws_eip.nat",
            "module.vpc.aws_internet_gateway.this",
            "module.vpc.aws_nat_gateway.this",
            "module.vpc.aws_route_table.private",
            "module.vpc.aws_subnet.public",
            "module.vpc.aws_vpc.this",
            "module.vpc.aws_vpc_ipv4_cidr_block_association.this"
          ]
        },
        {
          "index_key": 1,
          "schema_version": 0,
          "attributes": {
            "carrier_gateway_id": "",
            "destination_cidr_block": "0.0.0.0/0",
            "destination_ipv6_cidr_block": "",
            "destination_prefix_list_id": "",
            "egress_only_gateway_id": "",
            "gateway_id": "",
            "id": "r-rtb-06c665fa50bb4cb831080289494",
            "instance_id": "",
            "instance_owner_id": "",
            "local_gateway_id": "",
            "nat_gateway_id": "nat-074e6f093539831d9",
            "network_interface_id": "",
            "origin": "CreateRoute",
            "route_table_id": "rtb-06c665fa50bb4cb83",
            "state": "active",
            "timeouts": {
              "create": "5m",
              "delete": null
            },
            "transit_gateway_id": "",
            "vpc_endpoint_id": "",
            "vpc_peering_connection_id": ""
          },
          "sensitive_attributes": [],
          "private": "eyJlMmJmYjczMC1lY2FhLTExZTYtOGY4OC0zNDM2M2JjN2M0YzAiOnsiY3JlYXRlIjozMDAwMDAwMDAwMDAsImRlbGV0ZSI6MzAwMDAwMDAwMDAwfX0=",
          "dependencies": [
            "module.vpc.aws_eip.nat",
            "module.vpc.aws_internet_gateway.this",
            "module.vpc.aws_nat_gateway.this",
            "module.vpc.aws_route_table.private",
            "module.vpc.aws_subnet.public",
            "module.vpc.aws_vpc.this",
            "module.vpc.aws_vpc_ipv4_cidr_block_association.this"
          ]
        }
      ]
    },
    {
      "module": "module.vpc",
      "mode": "managed",
      "type": "aws_route",
      "name": "public_internet_gateway",
      "provider": "provider[\"registry.terraform.io/hashicorp/aws\"]",
      "instances": [
        {
          "index_key": 0,
          "schema_version": 0,
          "attributes": {
            "carrier_gateway_id": "",
            "destination_cidr_block": "0.0.0.0/0",
            "destination_ipv6_cidr_block": "",
            "destination_prefix_list_id": "",
            "egress_only_gateway_id": "",
            "gateway_id": "igw-0148c476914ff0b38",
            "id": "r-rtb-04133c8833b5a84891080289494",
            "instance_id": "",
            "instance_owner_id": "",
            "local_gateway_id": "",
            "nat_gateway_id": "",
            "network_interface_id": "",
            "origin": "CreateRoute",
            "route_table_id": "rtb-04133c8833b5a8489",
            "state": "active",
            "timeouts": {
              "create": "5m",
              "delete": null
            },
            "transit_gateway_id": "",
            "vpc_endpoint_id": "",
            "vpc_peering_connection_id": ""
          },
          "sensitive_attributes": [],
          "private": "eyJlMmJmYjczMC1lY2FhLTExZTYtOGY4OC0zNDM2M2JjN2M0YzAiOnsiY3JlYXRlIjozMDAwMDAwMDAwMDAsImRlbGV0ZSI6MzAwMDAwMDAwMDAwfX0=",
          "dependencies": [
            "module.vpc.aws_internet_gateway.this",
            "module.vpc.aws_route_table.public",
            "module.vpc.aws_vpc.this",
            "module.vpc.aws_vpc_ipv4_cidr_block_association.this"
          ]
        }
      ]
    },
    {
      "module": "module.vpc",
      "mode": "managed",
      "type": "aws_route_table",
      "name": "private",
      "provider": "provider[\"registry.terraform.io/hashicorp/aws\"]",
      "instances": [
        {
          "index_key": 0,
          "schema_version": 0,
          "attributes": {
            "arn": "arn:aws:ec2:us-east-1:115553109071:route-table/rtb-08f6e18da0ff00626",
            "id": "rtb-08f6e18da0ff00626",
            "owner_id": "115553109071",
            "propagating_vgws": [],
            "route": [],
            "tags": {
              "Name": "test-private-us-east-1a"
            },
            "tags_all": {
              "Name": "test-private-us-east-1a"
            },
            "vpc_id": "vpc-02b7f3126a5108c32"
          },
          "sensitive_attributes": [],
          "private": "bnVsbA==",
          "dependencies": [
            "module.vpc.aws_vpc.this",
            "module.vpc.aws_vpc_ipv4_cidr_block_association.this"
          ]
        },
        {
          "index_key": 1,
          "schema_version": 0,
          "attributes": {
            "arn": "arn:aws:ec2:us-east-1:115553109071:route-table/rtb-06c665fa50bb4cb83",
            "id": "rtb-06c665fa50bb4cb83",
            "owner_id": "115553109071",
            "propagating_vgws": [],
            "route": [],
            "tags": {
              "Name": "test-private-us-east-1b"
            },
            "tags_all": {
              "Name": "test-private-us-east-1b"
            },
            "vpc_id": "vpc-02b7f3126a5108c32"
          },
          "sensitive_attributes": [],
          "private": "bnVsbA==",
          "dependencies": [
            "module.vpc.aws_vpc.this",
            "module.vpc.aws_vpc_ipv4_cidr_block_association.this"
          ]
        }
      ]
    },
    {
      "module": "module.vpc",
      "mode": "managed",
      "type": "aws_route_table",
      "name": "public",
      "provider": "provider[\"registry.terraform.io/hashicorp/aws\"]",
      "instances": [
        {
          "index_key": 0,
          "schema_version": 0,
          "attributes": {
            "arn": "arn:aws:ec2:us-east-1:115553109071:route-table/rtb-04133c8833b5a8489",
            "id": "rtb-04133c8833b5a8489",
            "owner_id": "115553109071",
            "propagating_vgws": [],
            "route": [],
            "tags": {
              "Name": "test-public"
            },
            "tags_all": {
              "Name": "test-public"
            },
            "vpc_id": "vpc-02b7f3126a5108c32"
          },
          "sensitive_attributes": [],
          "private": "bnVsbA==",
          "dependencies": [
            "module.vpc.aws_vpc.this",
            "module.vpc.aws_vpc_ipv4_cidr_block_association.this"
          ]
        }
      ]
    },
    {
      "module": "module.vpc",
      "mode": "managed",
      "type": "aws_route_table_association",
      "name": "private",
      "provider": "provider[\"registry.terraform.io/hashicorp/aws\"]",
      "instances": [
        {
          "index_key": 0,
          "schema_version": 0,
          "attributes": {
            "gateway_id": null,
            "id": "rtbassoc-06bcffadfa5eb12fc",
            "route_table_id": "rtb-08f6e18da0ff00626",
            "subnet_id": "subnet-022685ee8d3663b5c"
          },
          "sensitive_attributes": [],
          "private": "bnVsbA==",
          "dependencies": [
            "module.vpc.aws_route_table.private",
            "module.vpc.aws_subnet.private",
            "module.vpc.aws_vpc.this",
            "module.vpc.aws_vpc_ipv4_cidr_block_association.this"
          ]
        },
        {
          "index_key": 1,
          "schema_version": 0,
          "attributes": {
            "gateway_id": null,
            "id": "rtbassoc-0d783d9f6b22ff9a0",
            "route_table_id": "rtb-06c665fa50bb4cb83",
            "subnet_id": "subnet-087af17d6e6623026"
          },
          "sensitive_attributes": [],
          "private": "bnVsbA==",
          "dependencies": [
            "module.vpc.aws_route_table.private",
            "module.vpc.aws_subnet.private",
            "module.vpc.aws_vpc.this",
            "module.vpc.aws_vpc_ipv4_cidr_block_association.this"
          ]
        }
      ]
    },
    {
      "module": "module.vpc",
      "mode": "managed",
      "type": "aws_route_table_association",
      "name": "public",
      "provider": "provider[\"registry.terraform.io/hashicorp/aws\"]",
      "instances": [
        {
          "index_key": 0,
          "schema_version": 0,
          "attributes": {
            "gateway_id": null,
            "id": "rtbassoc-0d20a55cf71ae680a",
            "route_table_id": "rtb-04133c8833b5a8489",
            "subnet_id": "subnet-01646b282db0e6add"
          },
          "sensitive_attributes": [],
          "private": "bnVsbA==",
          "dependencies": [
            "module.vpc.aws_route_table.public",
            "module.vpc.aws_subnet.public",
            "module.vpc.aws_vpc.this",
            "module.vpc.aws_vpc_ipv4_cidr_block_association.this"
          ]
        },
        {
          "index_key": 1,
          "schema_version": 0,
          "attributes": {
            "gateway_id": null,
            "id": "rtbassoc-006e4af23dd7c863a",
            "route_table_id": "rtb-04133c8833b5a8489",
            "subnet_id": "subnet-0ba91749c22101798"
          },
          "sensitive_attributes": [],
          "private": "bnVsbA==",
          "dependencies": [
            "module.vpc.aws_route_table.public",
            "module.vpc.aws_subnet.public",
            "module.vpc.aws_vpc.this",
            "module.vpc.aws_vpc_ipv4_cidr_block_association.this"
          ]
        }
      ]
    },
    {
      "module": "module.vpc",
      "mode": "managed",
      "type": "aws_subnet",
      "name": "private",
      "provider": "provider[\"registry.terraform.io/hashicorp/aws\"]",
      "instances": [
        {
          "index_key": 0,
          "schema_version": 1,
          "attributes": {
            "arn": "arn:aws:ec2:us-east-1:115553109071:subnet/subnet-022685ee8d3663b5c",
            "assign_ipv6_address_on_creation": false,
            "availability_zone": "us-east-1a",
            "availability_zone_id": "use1-az1",
            "cidr_block": "10.0.1.0/24",
            "customer_owned_ipv4_pool": "",
            "id": "subnet-022685ee8d3663b5c",
            "ipv6_cidr_block": "",
            "ipv6_cidr_block_association_id": "",
            "map_customer_owned_ip_on_launch": false,
            "map_public_ip_on_launch": false,
            "outpost_arn": "",
            "owner_id": "115553109071",
            "tags": {
              "Name": "test-private-us-east-1a"
            },
            "tags_all": {
              "Name": "test-private-us-east-1a"
            },
            "timeouts": null,
            "vpc_id": "vpc-02b7f3126a5108c32"
          },
          "sensitive_attributes": [],
          "private": "eyJlMmJmYjczMC1lY2FhLTExZTYtOGY4OC0zNDM2M2JjN2M0YzAiOnsiY3JlYXRlIjo2MDAwMDAwMDAwMDAsImRlbGV0ZSI6MTIwMDAwMDAwMDAwMH0sInNjaGVtYV92ZXJzaW9uIjoiMSJ9",
          "dependencies": [
            "module.vpc.aws_vpc.this",
            "module.vpc.aws_vpc_ipv4_cidr_block_association.this"
          ],
          "create_before_destroy": true
        },
        {
          "index_key": 1,
          "schema_version": 1,
          "attributes": {
            "arn": "arn:aws:ec2:us-east-1:115553109071:subnet/subnet-087af17d6e6623026",
            "assign_ipv6_address_on_creation": false,
            "availability_zone": "us-east-1b",
            "availability_zone_id": "use1-az2",
            "cidr_block": "10.0.2.0/24",
            "customer_owned_ipv4_pool": "",
            "id": "subnet-087af17d6e6623026",
            "ipv6_cidr_block": "",
            "ipv6_cidr_block_association_id": "",
            "map_customer_owned_ip_on_launch": false,
            "map_public_ip_on_launch": false,
            "outpost_arn": "",
            "owner_id": "115553109071",
            "tags": {
              "Name": "test-private-us-east-1b"
            },
            "tags_all": {
              "Name": "test-private-us-east-1b"
            },
            "timeouts": null,
            "vpc_id": "vpc-02b7f3126a5108c32"
          },
          "sensitive_attributes": [],
          "private": "eyJlMmJmYjczMC1lY2FhLTExZTYtOGY4OC0zNDM2M2JjN2M0YzAiOnsiY3JlYXRlIjo2MDAwMDAwMDAwMDAsImRlbGV0ZSI6MTIwMDAwMDAwMDAwMH0sInNjaGVtYV92ZXJzaW9uIjoiMSJ9",
          "dependencies": [
            "module.vpc.aws_vpc.this",
            "module.vpc.aws_vpc_ipv4_cidr_block_association.this"
          ],
          "create_before_destroy": true
        }
      ]
    },
    {
      "module": "module.vpc",
      "mode": "managed",
      "type": "aws_subnet",
      "name": "public",
      "provider": "provider[\"registry.terraform.io/hashicorp/aws\"]",
      "instances": [
        {
          "index_key": 0,
          "schema_version": 1,
          "attributes": {
            "arn": "arn:aws:ec2:us-east-1:115553109071:subnet/subnet-01646b282db0e6add",
            "assign_ipv6_address_on_creation": false,
            "availability_zone": "us-east-1a",
            "availability_zone_id": "use1-az1",
            "cidr_block": "10.0.101.0/24",
            "customer_owned_ipv4_pool": "",
            "id": "subnet-01646b282db0e6add",
            "ipv6_cidr_block": "",
            "ipv6_cidr_block_association_id": "",
            "map_customer_owned_ip_on_launch": false,
            "map_public_ip_on_launch": true,
            "outpost_arn": "",
            "owner_id": "115553109071",
            "tags": {
              "Name": "test-public-us-east-1a"
            },
            "tags_all": {
              "Name": "test-public-us-east-1a"
            },
            "timeouts": null,
            "vpc_id": "vpc-02b7f3126a5108c32"
          },
          "sensitive_attributes": [],
          "private": "eyJlMmJmYjczMC1lY2FhLTExZTYtOGY4OC0zNDM2M2JjN2M0YzAiOnsiY3JlYXRlIjo2MDAwMDAwMDAwMDAsImRlbGV0ZSI6MTIwMDAwMDAwMDAwMH0sInNjaGVtYV92ZXJzaW9uIjoiMSJ9",
          "dependencies": [
            "module.vpc.aws_vpc.this",
            "module.vpc.aws_vpc_ipv4_cidr_block_association.this"
          ]
        },
        {
          "index_key": 1,
          "schema_version": 1,
          "attributes": {
            "arn": "arn:aws:ec2:us-east-1:115553109071:subnet/subnet-0ba91749c22101798",
            "assign_ipv6_address_on_creation": false,
            "availability_zone": "us-east-1b",
            "availability_zone_id": "use1-az2",
            "cidr_block": "10.0.102.0/24",
            "customer_owned_ipv4_pool": "",
            "id": "subnet-0ba91749c22101798",
            "ipv6_cidr_block": "",
            "ipv6_cidr_block_association_id": "",
            "map_customer_owned_ip_on_launch": false,
            "map_public_ip_on_launch": true,
            "outpost_arn": "",
            "owner_id": "115553109071",
            "tags": {
              "Name": "test-public-us-east-1b"
            },
            "tags_all": {
              "Name": "test-public-us-east-1b"
            },
            "timeouts": null,
            "vpc_id": "vpc-02b7f3126a5108c32"
          },
          "sensitive_attributes": [],
          "private": "eyJlMmJmYjczMC1lY2FhLTExZTYtOGY4OC0zNDM2M2JjN2M0YzAiOnsiY3JlYXRlIjo2MDAwMDAwMDAwMDAsImRlbGV0ZSI6MTIwMDAwMDAwMDAwMH0sInNjaGVtYV92ZXJzaW9uIjoiMSJ9",
          "dependencies": [
            "module.vpc.aws_vpc.this",
            "module.vpc.aws_vpc_ipv4_cidr_block_association.this"
          ]
        }
      ]
    },
    {
      "module": "module.vpc",
      "mode": "managed",
      "type": "aws_vpc",
      "name": "this",
      "provider": "provider[\"registry.terraform.io/hashicorp/aws\"]",
      "instances": [
        {
          "index_key": 0,
          "schema_version": 1,
          "attributes": {
            "arn": "arn:aws:ec2:us-east-1:115553109071:vpc/vpc-02b7f3126a5108c32",
            "assign_generated_ipv6_cidr_block": false,
            "cidr_block": "10.0.0.0/16",
            "default_network_acl_id": "acl-09969e21f2a7b4388",
            "default_route_table_id": "rtb-06c1e58e20ad63f2d",
            "default_security_group_id": "sg-001b74d8c65cd6150",
            "dhcp_options_id": "dopt-3045214a",
            "enable_classiclink": false,
            "enable_classiclink_dns_support": false,
            "enable_dns_hostnames": false,
            "enable_dns_support": true,
            "id": "vpc-02b7f3126a5108c32",
            "instance_tenancy": "default",
            "ipv6_association_id": "",
            "ipv6_cidr_block": "",
            "main_route_table_id": "rtb-06c1e58e20ad63f2d",
            "owner_id": "115553109071",
            "tags": {
              "Name": "test"
            },
            "tags_all": {
              "Name": "test"
            }
          },
          "sensitive_attributes": [],
          "private": "eyJzY2hlbWFfdmVyc2lvbiI6IjEifQ==",
          "create_before_destroy": true
        }
      ]
    },
    {
      "module": "module.vpc",
      "mode": "managed",
      "type": "aws_vpn_gateway",
      "name": "this",
      "provider": "provider[\"registry.terraform.io/hashicorp/aws\"]",
      "instances": [
        {
          "index_key": 0,
          "schema_version": 0,
          "attributes": {
            "amazon_side_asn": "64512",
            "arn": "arn:aws:ec2:us-east-1:115553109071:vpn-gateway/vgw-0c2346057504ff0fd",
            "availability_zone": null,
            "id": "vgw-0c2346057504ff0fd",
            "tags": {
              "Name": "test"
            },
            "tags_all": {
              "Name": "test"
            },
            "vpc_id": "vpc-02b7f3126a5108c32"
          },
          "sensitive_attributes": [],
          "private": "bnVsbA==",
          "dependencies": [
            "module.vpc.aws_vpc.this",
            "module.vpc.aws_vpc_ipv4_cidr_block_association.this"
          ]
        }
      ]
    }
  ]
}
