{"format_version":"0.1","terraform_version":"0.13.4","planned_values":{"root_module":{"resources":[{"address":"aws_s3_bucket.kms-s3-encrypted","mode":"managed","type":"aws_s3_bucket","name":"kms-s3-encrypted","provider_name":"registry.terraform.io/hashicorp/aws","schema_version":0,"values":{"acl":"private","bucket":"cloudrail-encrypted-ckkx6zxchs","bucket_prefix":null,"cors_rule":[],"force_destroy":false,"grant":[],"lifecycle_rule":[],"logging":[],"object_lock_configuration":[],"policy":null,"replication_configuration":[],"server_side_encryption_configuration":[{"rule":[{"apply_server_side_encryption_by_default":[{"kms_master_key_id":null,"sse_algorithm":"aws:kms"}],"bucket_key_enabled":null}]}],"tags":null,"versioning":[],"website":[]}},{"address":"aws_s3_bucket.sse-s3-encrypted","mode":"managed","type":"aws_s3_bucket","name":"sse-s3-encrypted","provider_name":"registry.terraform.io/hashicorp/aws","schema_version":0,"values":{"acl":"private","bucket":"cloudrail-encrypted-czx7zxchs","bucket_prefix":null,"cors_rule":[],"force_destroy":false,"grant":[],"lifecycle_rule":[],"logging":[],"object_lock_configuration":[],"policy":null,"replication_configuration":[],"server_side_encryption_configuration":[{"rule":[{"apply_server_side_encryption_by_default":[{"kms_master_key_id":null,"sse_algorithm":"AES256"}],"bucket_key_enabled":null}]}],"tags":null,"versioning":[],"website":[]}},{"address":"aws_s3_bucket_public_access_block.kms-s3-encrypted","mode":"managed","type":"aws_s3_bucket_public_access_block","name":"kms-s3-encrypted","provider_name":"registry.terraform.io/hashicorp/aws","schema_version":0,"values":{"block_public_acls":true,"block_public_policy":true,"bucket":"aws_s3_bucket.kms-s3-encrypted.id","ignore_public_acls":true,"restrict_public_buckets":true}},{"address":"aws_s3_bucket_public_access_block.sse-s3-encrypted","mode":"managed","type":"aws_s3_bucket_public_access_block","name":"sse-s3-encrypted","provider_name":"registry.terraform.io/hashicorp/aws","schema_version":0,"values":{"block_public_acls":true,"block_public_policy":true,"bucket":"aws_s3_bucket.sse-s3-encrypted.id","ignore_public_acls":true,"restrict_public_buckets":true}}]}},"resource_changes":[{"address":"aws_s3_bucket.kms-s3-encrypted","mode":"managed","type":"aws_s3_bucket","name":"kms-s3-encrypted","provider_name":"registry.terraform.io/hashicorp/aws","change":{"actions":["create"],"before":null,"after":{"acl":"private","bucket":"cloudrail-encrypted-ckkx6zxchs","bucket_prefix":null,"cors_rule":[],"force_destroy":false,"grant":[],"lifecycle_rule":[],"logging":[],"object_lock_configuration":[],"policy":null,"replication_configuration":[],"server_side_encryption_configuration":[{"rule":[{"apply_server_side_encryption_by_default":[{"kms_master_key_id":null,"sse_algorithm":"aws:kms"}],"bucket_key_enabled":null}]}],"tags":null,"versioning":[],"website":[]},"after_unknown":{"acceleration_status":true,"arn":true,"bucket_domain_name":true,"bucket_regional_domain_name":true,"cors_rule":[],"grant":[],"hosted_zone_id":true,"id":true,"lifecycle_rule":[],"logging":[],"object_lock_configuration":[],"region":true,"replication_configuration":[],"request_payer":true,"server_side_encryption_configuration":[{"rule":[{"apply_server_side_encryption_by_default":[{}]}]}],"tags_all":true,"versioning":[],"website":[],"website_domain":true,"website_endpoint":true}}},{"address":"aws_s3_bucket.sse-s3-encrypted","mode":"managed","type":"aws_s3_bucket","name":"sse-s3-encrypted","provider_name":"registry.terraform.io/hashicorp/aws","change":{"actions":["create"],"before":null,"after":{"acl":"private","bucket":"cloudrail-encrypted-czx7zxchs","bucket_prefix":null,"cors_rule":[],"force_destroy":false,"grant":[],"lifecycle_rule":[],"logging":[],"object_lock_configuration":[],"policy":null,"replication_configuration":[],"server_side_encryption_configuration":[{"rule":[{"apply_server_side_encryption_by_default":[{"kms_master_key_id":null,"sse_algorithm":"AES256"}],"bucket_key_enabled":null}]}],"tags":null,"versioning":[],"website":[]},"after_unknown":{"acceleration_status":true,"arn":true,"bucket_domain_name":true,"bucket_regional_domain_name":true,"cors_rule":[],"grant":[],"hosted_zone_id":true,"id":true,"lifecycle_rule":[],"logging":[],"object_lock_configuration":[],"region":true,"replication_configuration":[],"request_payer":true,"server_side_encryption_configuration":[{"rule":[{"apply_server_side_encryption_by_default":[{}]}]}],"tags_all":true,"versioning":[],"website":[],"website_domain":true,"website_endpoint":true}}},{"address":"aws_s3_bucket_public_access_block.kms-s3-encrypted","mode":"managed","type":"aws_s3_bucket_public_access_block","name":"kms-s3-encrypted","provider_name":"registry.terraform.io/hashicorp/aws","change":{"actions":["create"],"before":null,"after":{"block_public_acls":true,"block_public_policy":true,"bucket":"aws_s3_bucket.kms-s3-encrypted.id","ignore_public_acls":true,"restrict_public_buckets":true},"after_unknown":{"id":true}}},{"address":"aws_s3_bucket_public_access_block.sse-s3-encrypted","mode":"managed","type":"aws_s3_bucket_public_access_block","name":"sse-s3-encrypted","provider_name":"registry.terraform.io/hashicorp/aws","change":{"actions":["create"],"before":null,"after":{"block_public_acls":true,"block_public_policy":true,"bucket":"aws_s3_bucket.sse-s3-encrypted.id","ignore_public_acls":true,"restrict_public_buckets":true},"after_unknown":{"id":true}}}],"configuration":{"provider_config":{"aws":{"name":"aws","expressions":{"region":{"constant_value":"us-east-1"}}}},"root_module":{"resources":[{"address":"aws_s3_bucket.kms-s3-encrypted","mode":"managed","type":"aws_s3_bucket","name":"kms-s3-encrypted","provider_config_key":"aws","expressions":{"acl":{"constant_value":"private"},"bucket":{"constant_value":"cloudrail-encrypted-ckkx6zxchs"},"server_side_encryption_configuration":[{"rule":[{"apply_server_side_encryption_by_default":[{"sse_algorithm":{"constant_value":"aws:kms"}}]}]}]},"schema_version":0,"raw_data":{"FileName":"main.tf","StartLine":23,"EndLine":34}},{"address":"aws_s3_bucket.sse-s3-encrypted","mode":"managed","type":"aws_s3_bucket","name":"sse-s3-encrypted","provider_config_key":"aws","expressions":{"acl":{"constant_value":"private"},"bucket":{"constant_value":"cloudrail-encrypted-czx7zxchs"},"server_side_encryption_configuration":[{"rule":[{"apply_server_side_encryption_by_default":[{"sse_algorithm":{"constant_value":"AES256"}}]}]}]},"schema_version":0,"raw_data":{"FileName":"main.tf","StartLine":1,"EndLine":12}},{"address":"aws_s3_bucket_public_access_block.kms-s3-encrypted","mode":"managed","type":"aws_s3_bucket_public_access_block","name":"kms-s3-encrypted","provider_config_key":"aws","expressions":{"block_public_acls":{"constant_value":true},"block_public_policy":{"constant_value":true},"bucket":{"references":["aws_s3_bucket.kms-s3-encrypted"]},"ignore_public_acls":{"constant_value":true},"restrict_public_buckets":{"constant_value":true}},"schema_version":0,"raw_data":{"FileName":"main.tf","StartLine":36,"EndLine":42}},{"address":"aws_s3_bucket_public_access_block.sse-s3-encrypted","mode":"managed","type":"aws_s3_bucket_public_access_block","name":"sse-s3-encrypted","provider_config_key":"aws","expressions":{"block_public_acls":{"constant_value":true},"block_public_policy":{"constant_value":true},"bucket":{"references":["aws_s3_bucket.sse-s3-encrypted"]},"ignore_public_acls":{"constant_value":true},"restrict_public_buckets":{"constant_value":true}},"schema_version":0,"raw_data":{"FileName":"main.tf","StartLine":14,"EndLine":20}}]}}}
