{"format_version":"0.1","terraform_version":"0.13.4","planned_values":{"root_module":{"resources":[{"address":"aws_iam_instance_profile.ec2-web-server-profile","mode":"managed","type":"aws_iam_instance_profile","name":"ec2-web-server-profile","provider_name":"registry.terraform.io/hashicorp/aws","schema_version":0,"values":{"name":"ec2-web-server-profile","name_prefix":null,"path":"/","role":"s3-full-access-role","tags":null}},{"address":"aws_iam_policy.policy","mode":"managed","type":"aws_iam_policy","name":"policy","provider_name":"registry.terraform.io/hashicorp/aws","schema_version":0,"values":{"description":"allow_role_s3_operations","name":"allow_role_s3_operations","name_prefix":null,"path":"/","policy":"{\n    \"Version\": \"2012-10-17\",\n    \"Statement\": [\n      {\n        \"Action\": [\n          \"s3:*\"\n        ],\n        \"Effect\": \"Allow\",\n        \"Sid\": \"\",\n        \"Resource\": \"*\"\n      }\n    ]\n  }\n","tags":null}},{"address":"aws_iam_role.s3-full-access-role","mode":"managed","type":"aws_iam_role","name":"s3-full-access-role","provider_name":"registry.terraform.io/hashicorp/aws","schema_version":0,"values":{"assume_role_policy":"{\n  \"Version\": \"2012-10-17\",\n  \"Statement\": [\n    {\n      \"Action\": \"sts:AssumeRole\",\n      \"Principal\": {\n        \"AWS\": \"*\"\n      },\n      \"Effect\": \"Allow\",\n      \"Sid\": \"\"\n    }\n  ]\n}\n","description":null,"force_detach_policies":false,"inline_policy":[],"max_session_duration":3600,"name":"s3-full-access-role","name_prefix":null,"path":"/","permissions_boundary":null,"tags":null}},{"address":"aws_iam_role_policy_attachment.attach-policy-to-s3-bucket-role","mode":"managed","type":"aws_iam_role_policy_attachment","name":"attach-policy-to-s3-bucket-role","provider_name":"registry.terraform.io/hashicorp/aws","schema_version":0,"values":{"policy_arn":"aws_iam_policy.policy.arn","role":"s3-full-access-role"}},{"address":"aws_instance.ec2-web-server","mode":"managed","type":"aws_instance","name":"ec2-web-server","provider_name":"registry.terraform.io/hashicorp/aws","schema_version":1,"values":{"ami":"ami-0dd76f917833aac4b","capacity_reservation_specification":[],"credit_specification":[],"disable_api_termination":null,"ebs_block_device":[],"ebs_optimized":null,"enclave_options":[],"ephemeral_block_device":[],"get_password_data":false,"hibernation":null,"iam_instance_profile":"ec2-web-server-profile","instance_type":"t3.micro","metadata_options":[],"monitoring":null,"network_interface":[],"root_block_device":[],"source_dest_check":true,"subnet_id":"aws_subnet.private-subnet.id","tags":{"Name":"ec2-web-server"},"tags_all":{"Name":"ec2-web-server"},"timeouts":null,"user_data":null,"user_data_base64":null,"volume_tags":null,"vpc_security_group_ids":["aws_security_group.allow-all-local.id","aws_security_group.allow-https.id"]}},{"address":"aws_route_table.private-subnet-rtb","mode":"managed","type":"aws_route_table","name":"private-subnet-rtb","provider_name":"registry.terraform.io/hashicorp/aws","schema_version":0,"values":{"tags":{"Name":"test-rt"},"tags_all":{"Name":"test-rt"},"vpc_id":"aws_vpc.main.id"}},{"address":"aws_route_table_association.public-subnet-rt-assoc","mode":"managed","type":"aws_route_table_association","name":"public-subnet-rt-assoc","provider_name":"registry.terraform.io/hashicorp/aws","schema_version":0,"values":{"gateway_id":null,"route_table_id":"aws_route_table.private-subnet-rtb.id","subnet_id":"aws_subnet.private-subnet.id"}},{"address":"aws_s3_bucket.test-bucket","mode":"managed","type":"aws_s3_bucket","name":"test-bucket","provider_name":"registry.terraform.io/hashicorp/aws","schema_version":0,"values":{"acl":"private","bucket":"atotalyrandomname929293","bucket_prefix":null,"cors_rule":[],"force_destroy":false,"grant":[],"lifecycle_rule":[],"logging":[],"object_lock_configuration":[],"policy":"{\n  \"Version\": \"2012-10-17\",\n  \"Statement\": [\n    {\n      \"Action\": \"s3:GetBucketLocation\",\n      \"Effect\": \"Deny\",\n      \"Sid\": \"DenyS3Describe\",\n      \"Principal\": {\n          \"AWS\": \"553432699559\"\n      },\n      \"Resource\": \"arn:aws:s3:::atotalyrandomname929293\"\n    }\n  ]\n}\n","replication_configuration":[],"server_side_encryption_configuration":[],"tags":null,"versioning":[],"website":[]}},{"address":"aws_security_group.allow-all-local","mode":"managed","type":"aws_security_group","name":"allow-all-local","provider_name":"registry.terraform.io/hashicorp/aws","schema_version":1,"values":{"description":"allow-all-local","egress":[{"cidr_blocks":["192.168.100.128/25"],"description":null,"from_port":0,"ipv6_cidr_blocks":null,"prefix_list_ids":null,"protocol":"-1","security_groups":null,"self":null,"to_port":0}],"ingress":[{"cidr_blocks":["192.168.100.128/25"],"description":null,"from_port":0,"ipv6_cidr_blocks":null,"prefix_list_ids":null,"protocol":"-1","security_groups":null,"self":null,"to_port":0}],"revoke_rules_on_delete":false,"tags":null,"timeouts":null,"vpc_id":"aws_vpc.main.id"}},{"address":"aws_security_group.allow-https","mode":"managed","type":"aws_security_group","name":"allow-https","provider_name":"registry.terraform.io/hashicorp/aws","schema_version":1,"values":{"description":"allow https","egress":[{"cidr_blocks":["192.168.100.128/25"],"description":null,"from_port":0,"ipv6_cidr_blocks":null,"prefix_list_ids":null,"protocol":"-1","security_groups":null,"self":null,"to_port":0}],"ingress":[{"cidr_blocks":["0.0.0.0/0"],"description":null,"from_port":443,"ipv6_cidr_blocks":null,"prefix_list_ids":null,"protocol":"tcp","security_groups":null,"self":null,"to_port":443}],"revoke_rules_on_delete":false,"tags":null,"timeouts":null,"vpc_id":"aws_vpc.main.id"}},{"address":"aws_subnet.private-subnet","mode":"managed","type":"aws_subnet","name":"private-subnet","provider_name":"registry.terraform.io/hashicorp/aws","schema_version":1,"values":{"assign_ipv6_address_on_creation":false,"availability_zone":"us-east-1a","cidr_block":"192.168.100.128/25","customer_owned_ipv4_pool":null,"ipv6_cidr_block":null,"map_customer_owned_ip_on_launch":null,"map_public_ip_on_launch":false,"outpost_arn":null,"tags":{"Name":"private-subnet"},"tags_all":{"Name":"private-subnet"},"timeouts":null,"vpc_id":"aws_vpc.main.id"}},{"address":"aws_vpc.main","mode":"managed","type":"aws_vpc","name":"main","provider_name":"registry.terraform.io/hashicorp/aws","schema_version":1,"values":{"assign_generated_ipv6_cidr_block":false,"cidr_block":"192.168.100.0/24","enable_dns_support":true,"instance_tenancy":"default","tags":null}},{"address":"aws_vpc_endpoint.s3-vpc-endpoint","mode":"managed","type":"aws_vpc_endpoint","name":"s3-vpc-endpoint","provider_name":"registry.terraform.io/hashicorp/aws","schema_version":0,"values":{"auto_accept":null,"private_dns_enabled":false,"route_table_ids":["aws_route_table.private-subnet-rtb.id"],"service_name":"com.amazonaws.us-east-1.s3","tags":null,"timeouts":null,"vpc_endpoint_type":"Gateway","vpc_id":"aws_vpc.main.id"}},{"address":"aws_vpc_endpoint_route_table_association.example","mode":"managed","type":"aws_vpc_endpoint_route_table_association","name":"example","provider_name":"registry.terraform.io/hashicorp/aws","schema_version":0,"values":{"route_table_id":"aws_route_table.private-subnet-rtb.id","vpc_endpoint_id":"aws_vpc_endpoint.s3-vpc-endpoint.id"}}]}},"resource_changes":[{"address":"aws_iam_instance_profile.ec2-web-server-profile","mode":"managed","type":"aws_iam_instance_profile","name":"ec2-web-server-profile","provider_name":"registry.terraform.io/hashicorp/aws","change":{"actions":["create"],"before":null,"after":{"name":"ec2-web-server-profile","name_prefix":null,"path":"/","role":"s3-full-access-role","tags":null},"after_unknown":{"arn":true,"create_date":true,"id":true,"tags_all":true,"unique_id":true}}},{"address":"aws_iam_policy.policy","mode":"managed","type":"aws_iam_policy","name":"policy","provider_name":"registry.terraform.io/hashicorp/aws","change":{"actions":["create"],"before":null,"after":{"description":"allow_role_s3_operations","name":"allow_role_s3_operations","name_prefix":null,"path":"/","policy":"{\n    \"Version\": \"2012-10-17\",\n    \"Statement\": [\n      {\n        \"Action\": [\n          \"s3:*\"\n        ],\n        \"Effect\": \"Allow\",\n        \"Sid\": \"\",\n        \"Resource\": \"*\"\n      }\n    ]\n  }\n","tags":null},"after_unknown":{"arn":true,"id":true,"policy_id":true,"tags_all":true}}},{"address":"aws_iam_role.s3-full-access-role","mode":"managed","type":"aws_iam_role","name":"s3-full-access-role","provider_name":"registry.terraform.io/hashicorp/aws","change":{"actions":["create"],"before":null,"after":{"assume_role_policy":"{\n  \"Version\": \"2012-10-17\",\n  \"Statement\": [\n    {\n      \"Action\": \"sts:AssumeRole\",\n      \"Principal\": {\n        \"AWS\": \"*\"\n      },\n      \"Effect\": \"Allow\",\n      \"Sid\": \"\"\n    }\n  ]\n}\n","description":null,"force_detach_policies":false,"inline_policy":[],"max_session_duration":3600,"name":"s3-full-access-role","name_prefix":null,"path":"/","permissions_boundary":null,"tags":null},"after_unknown":{"arn":true,"create_date":true,"id":true,"inline_policy":[],"managed_policy_arns":true,"tags_all":true,"unique_id":true}}},{"address":"aws_iam_role_policy_attachment.attach-policy-to-s3-bucket-role","mode":"managed","type":"aws_iam_role_policy_attachment","name":"attach-policy-to-s3-bucket-role","provider_name":"registry.terraform.io/hashicorp/aws","change":{"actions":["create"],"before":null,"after":{"policy_arn":"aws_iam_policy.policy.arn","role":"s3-full-access-role"},"after_unknown":{"id":true}}},{"address":"aws_instance.ec2-web-server","mode":"managed","type":"aws_instance","name":"ec2-web-server","provider_name":"registry.terraform.io/hashicorp/aws","change":{"actions":["create"],"before":null,"after":{"ami":"ami-0dd76f917833aac4b","capacity_reservation_specification":[],"credit_specification":[],"disable_api_termination":null,"ebs_block_device":[],"ebs_optimized":null,"enclave_options":[],"ephemeral_block_device":[],"get_password_data":false,"hibernation":null,"iam_instance_profile":"ec2-web-server-profile","instance_type":"t3.micro","metadata_options":[],"monitoring":null,"network_interface":[],"root_block_device":[],"source_dest_check":true,"subnet_id":"aws_subnet.private-subnet.id","tags":{"Name":"ec2-web-server"},"tags_all":{"Name":"ec2-web-server"},"timeouts":null,"user_data":null,"user_data_base64":null,"volume_tags":null,"vpc_security_group_ids":["aws_security_group.allow-all-local.id","aws_security_group.allow-https.id"]},"after_unknown":{"arn":true,"associate_public_ip_address":true,"availability_zone":true,"capacity_reservation_specification":[],"cpu_core_count":true,"cpu_threads_per_core":true,"credit_specification":[],"ebs_block_device":[],"enclave_options":[],"ephemeral_block_device":[],"host_id":true,"id":true,"instance_initiated_shutdown_behavior":true,"instance_state":true,"ipv6_address_count":true,"ipv6_addresses":true,"key_name":true,"metadata_options":[],"network_interface":[],"outpost_arn":true,"password_data":true,"placement_group":true,"primary_network_interface_id":true,"private_dns":true,"private_ip":true,"public_dns":true,"public_ip":true,"root_block_device":[],"secondary_private_ips":true,"security_groups":true,"tags":{},"tags_all":{},"tenancy":true,"vpc_security_group_ids":[false,false]}}},{"address":"aws_route_table.private-subnet-rtb","mode":"managed","type":"aws_route_table","name":"private-subnet-rtb","provider_name":"registry.terraform.io/hashicorp/aws","change":{"actions":["create"],"before":null,"after":{"tags":{"Name":"test-rt"},"tags_all":{"Name":"test-rt"},"vpc_id":"aws_vpc.main.id"},"after_unknown":{"arn":true,"id":true,"owner_id":true,"propagating_vgws":true,"route":true,"tags":{},"tags_all":{}}}},{"address":"aws_route_table_association.public-subnet-rt-assoc","mode":"managed","type":"aws_route_table_association","name":"public-subnet-rt-assoc","provider_name":"registry.terraform.io/hashicorp/aws","change":{"actions":["create"],"before":null,"after":{"gateway_id":null,"route_table_id":"aws_route_table.private-subnet-rtb.id","subnet_id":"aws_subnet.private-subnet.id"},"after_unknown":{"id":true}}},{"address":"aws_s3_bucket.test-bucket","mode":"managed","type":"aws_s3_bucket","name":"test-bucket","provider_name":"registry.terraform.io/hashicorp/aws","change":{"actions":["create"],"before":null,"after":{"acl":"private","bucket":"atotalyrandomname929293","bucket_prefix":null,"cors_rule":[],"force_destroy":false,"grant":[],"lifecycle_rule":[],"logging":[],"object_lock_configuration":[],"policy":"{\n  \"Version\": \"2012-10-17\",\n  \"Statement\": [\n    {\n      \"Action\": \"s3:GetBucketLocation\",\n      \"Effect\": \"Deny\",\n      \"Sid\": \"DenyS3Describe\",\n      \"Principal\": {\n          \"AWS\": \"553432699559\"\n      },\n      \"Resource\": \"arn:aws:s3:::atotalyrandomname929293\"\n    }\n  ]\n}\n","replication_configuration":[],"server_side_encryption_configuration":[],"tags":null,"versioning":[],"website":[]},"after_unknown":{"acceleration_status":true,"arn":true,"bucket_domain_name":true,"bucket_regional_domain_name":true,"cors_rule":[],"grant":[],"hosted_zone_id":true,"id":true,"lifecycle_rule":[],"logging":[],"object_lock_configuration":[],"region":true,"replication_configuration":[],"request_payer":true,"server_side_encryption_configuration":[],"tags_all":true,"versioning":[],"website":[],"website_domain":true,"website_endpoint":true}}},{"address":"aws_security_group.allow-all-local","mode":"managed","type":"aws_security_group","name":"allow-all-local","provider_name":"registry.terraform.io/hashicorp/aws","change":{"actions":["create"],"before":null,"after":{"description":"allow-all-local","egress":[{"cidr_blocks":["192.168.100.128/25"],"description":null,"from_port":0,"ipv6_cidr_blocks":null,"prefix_list_ids":null,"protocol":"-1","security_groups":null,"self":null,"to_port":0}],"ingress":[{"cidr_blocks":["192.168.100.128/25"],"description":null,"from_port":0,"ipv6_cidr_blocks":null,"prefix_list_ids":null,"protocol":"-1","security_groups":null,"self":null,"to_port":0}],"revoke_rules_on_delete":false,"tags":null,"timeouts":null,"vpc_id":"aws_vpc.main.id"},"after_unknown":{"arn":true,"egress":[{"cidr_blocks":[false]}],"id":true,"ingress":[{"cidr_blocks":[false]}],"name":true,"name_prefix":true,"owner_id":true,"tags_all":true}}},{"address":"aws_security_group.allow-https","mode":"managed","type":"aws_security_group","name":"allow-https","provider_name":"registry.terraform.io/hashicorp/aws","change":{"actions":["create"],"before":null,"after":{"description":"allow https","egress":[{"cidr_blocks":["192.168.100.128/25"],"description":null,"from_port":0,"ipv6_cidr_blocks":null,"prefix_list_ids":null,"protocol":"-1","security_groups":null,"self":null,"to_port":0}],"ingress":[{"cidr_blocks":["0.0.0.0/0"],"description":null,"from_port":443,"ipv6_cidr_blocks":null,"prefix_list_ids":null,"protocol":"tcp","security_groups":null,"self":null,"to_port":443}],"revoke_rules_on_delete":false,"tags":null,"timeouts":null,"vpc_id":"aws_vpc.main.id"},"after_unknown":{"arn":true,"egress":[{"cidr_blocks":[false]}],"id":true,"ingress":[{"cidr_blocks":[false]}],"name":true,"name_prefix":true,"owner_id":true,"tags_all":true}}},{"address":"aws_subnet.private-subnet","mode":"managed","type":"aws_subnet","name":"private-subnet","provider_name":"registry.terraform.io/hashicorp/aws","change":{"actions":["create"],"before":null,"after":{"assign_ipv6_address_on_creation":false,"availability_zone":"us-east-1a","cidr_block":"192.168.100.128/25","customer_owned_ipv4_pool":null,"ipv6_cidr_block":null,"map_customer_owned_ip_on_launch":null,"map_public_ip_on_launch":false,"outpost_arn":null,"tags":{"Name":"private-subnet"},"tags_all":{"Name":"private-subnet"},"timeouts":null,"vpc_id":"aws_vpc.main.id"},"after_unknown":{"arn":true,"availability_zone_id":true,"id":true,"ipv6_cidr_block_association_id":true,"owner_id":true,"tags":{},"tags_all":{}}}},{"address":"aws_vpc.main","mode":"managed","type":"aws_vpc","name":"main","provider_name":"registry.terraform.io/hashicorp/aws","change":{"actions":["create"],"before":null,"after":{"assign_generated_ipv6_cidr_block":false,"cidr_block":"192.168.100.0/24","enable_dns_support":true,"instance_tenancy":"default","tags":null},"after_unknown":{"arn":true,"default_network_acl_id":true,"default_route_table_id":true,"default_security_group_id":true,"dhcp_options_id":true,"enable_classiclink":true,"enable_classiclink_dns_support":true,"enable_dns_hostnames":true,"id":true,"ipv6_association_id":true,"ipv6_cidr_block":true,"main_route_table_id":true,"owner_id":true,"tags_all":true}}},{"address":"aws_vpc_endpoint.s3-vpc-endpoint","mode":"managed","type":"aws_vpc_endpoint","name":"s3-vpc-endpoint","provider_name":"registry.terraform.io/hashicorp/aws","change":{"actions":["create"],"before":null,"after":{"auto_accept":null,"private_dns_enabled":false,"route_table_ids":["aws_route_table.private-subnet-rtb.id"],"service_name":"com.amazonaws.us-east-1.s3","tags":null,"timeouts":null,"vpc_endpoint_type":"Gateway","vpc_id":"aws_vpc.main.id"},"after_unknown":{"arn":true,"cidr_blocks":true,"dns_entry":true,"id":true,"network_interface_ids":true,"owner_id":true,"policy":true,"prefix_list_id":true,"requester_managed":true,"route_table_ids":[false],"security_group_ids":true,"state":true,"subnet_ids":true,"tags_all":true}}},{"address":"aws_vpc_endpoint_route_table_association.example","mode":"managed","type":"aws_vpc_endpoint_route_table_association","name":"example","provider_name":"registry.terraform.io/hashicorp/aws","change":{"actions":["create"],"before":null,"after":{"route_table_id":"aws_route_table.private-subnet-rtb.id","vpc_endpoint_id":"aws_vpc_endpoint.s3-vpc-endpoint.id"},"after_unknown":{"id":true}}}],"prior_state":{"format_version":"0.1","terraform_version":"0.13.5","values":{"root_module":{"resources":[{"address":"data.aws_ami.ubuntu","mode":"data","type":"aws_ami","name":"ubuntu","provider_name":"registry.terraform.io/hashicorp/aws","schema_version":0,"values":{"architecture":"x86_64","arn":"arn:aws:ec2:us-east-1::image/ami-0dd76f917833aac4b","block_device_mappings":[{"device_name":"/dev/sda1","ebs":{"delete_on_termination":"true","encrypted":"false","iops":"0","snapshot_id":"snap-0575f9666981a797f","throughput":"0","volume_size":"8","volume_type":"gp2"},"no_device":"","virtual_name":""},{"device_name":"/dev/sdb","ebs":{},"no_device":"","virtual_name":"ephemeral0"},{"device_name":"/dev/sdc","ebs":{},"no_device":"","virtual_name":"ephemeral1"}],"creation_date":"2021-06-22T20:54:40.000Z","description":"Canonical, Ubuntu, 20.04 LTS, amd64 focal image build on 2021-06-21","ena_support":true,"executable_users":null,"filter":[{"name":"name","values":["ubuntu/images/hvm-ssd/ubuntu-focal-20.04-amd64-server-*"]},{"name":"virtualization-type","values":["hvm"]}],"hypervisor":"xen","id":"ami-0dd76f917833aac4b","image_id":"ami-0dd76f917833aac4b","image_location":"099720109477/ubuntu/images/hvm-ssd/ubuntu-focal-20.04-amd64-server-20210621","image_owner_alias":null,"image_type":"machine","kernel_id":null,"most_recent":true,"name":"ubuntu/images/hvm-ssd/ubuntu-focal-20.04-amd64-server-20210621","name_regex":null,"owner_id":"099720109477","owners":["099720109477"],"platform":null,"platform_details":"Linux/UNIX","product_codes":[],"public":true,"ramdisk_id":null,"root_device_name":"/dev/sda1","root_device_type":"ebs","root_snapshot_id":"snap-0575f9666981a797f","sriov_net_support":"simple","state":"available","state_reason":{"code":"UNSET","message":"UNSET"},"tags":{},"usage_operation":"RunInstances","virtualization_type":"hvm"}},{"address":"data.aws_caller_identity.current","mode":"data","type":"aws_caller_identity","name":"current","provider_name":"registry.terraform.io/hashicorp/aws","schema_version":0,"values":{"account_id":"553432699559","arn":"arn:aws:sts::553432699559:assumed-role/AWSReservedSSO_admin_in_develop_cdd58565acef883e/tomer.v@indeni.com","id":"553432699559","user_id":"AROAYBWZI2KTZGGU7ZPNF:tomer.v@indeni.com"}}]}}},"configuration":{"root_module":{"resources":[{"address":"aws_iam_instance_profile.ec2-web-server-profile","mode":"managed","type":"aws_iam_instance_profile","name":"ec2-web-server-profile","provider_config_key":"aws","expressions":{"name":{"constant_value":"ec2-web-server-profile"},"role":{"references":["aws_iam_role.s3-full-access-role"]}},"schema_version":0,"raw_data":{"FileName":"main.tf","StartLine":154,"EndLine":157}},{"address":"aws_iam_policy.policy","mode":"managed","type":"aws_iam_policy","name":"policy","provider_config_key":"aws","expressions":{"description":{"constant_value":"allow_role_s3_operations"},"name":{"constant_value":"allow_role_s3_operations"},"policy":{"constant_value":"{\n    \"Version\": \"2012-10-17\",\n    \"Statement\": [\n      {\n        \"Action\": [\n          \"s3:*\"\n        ],\n        \"Effect\": \"Allow\",\n        \"Sid\": \"\",\n        \"Resource\": \"*\"\n      }\n    ]\n  }\n"}},"schema_version":0,"raw_data":{"FileName":"main.tf","StartLine":32,"EndLine":51}},{"address":"aws_iam_role.s3-full-access-role","mode":"managed","type":"aws_iam_role","name":"s3-full-access-role","provider_config_key":"aws","expressions":{"assume_role_policy":{"constant_value":"{\n  \"Version\": \"2012-10-17\",\n  \"Statement\": [\n    {\n      \"Action\": \"sts:AssumeRole\",\n      \"Principal\": {\n        \"AWS\": \"*\"\n      },\n      \"Effect\": \"Allow\",\n      \"Sid\": \"\"\n    }\n  ]\n}\n"},"name":{"constant_value":"s3-full-access-role"}},"schema_version":0,"raw_data":{"FileName":"main.tf","StartLine":12,"EndLine":30}},{"address":"aws_iam_role_policy_attachment.attach-policy-to-s3-bucket-role","mode":"managed","type":"aws_iam_role_policy_attachment","name":"attach-policy-to-s3-bucket-role","provider_config_key":"aws","expressions":{"policy_arn":{"references":["aws_iam_policy.policy"]},"role":{"references":["aws_iam_role.s3-full-access-role"]}},"schema_version":0,"raw_data":{"FileName":"main.tf","StartLine":53,"EndLine":56}},{"address":"aws_instance.ec2-web-server","mode":"managed","type":"aws_instance","name":"ec2-web-server","provider_config_key":"aws","expressions":{"ami":{"references":["data.aws_ami.ubuntu"]},"iam_instance_profile":{"references":["aws_iam_instance_profile.ec2-web-server-profile"]},"instance_type":{"constant_value":"t3.micro"},"subnet_id":{"references":["aws_subnet.private-subnet"]},"tags":{"constant_value":{"Name":"ec2-web-server"}},"vpc_security_group_ids":{"references":["aws_security_group.allow-https","aws_security_group.allow-all-local"]}},"schema_version":1,"raw_data":{"FileName":"main.tf","StartLine":159,"EndLine":168}},{"address":"aws_route_table.private-subnet-rtb","mode":"managed","type":"aws_route_table","name":"private-subnet-rtb","provider_config_key":"aws","expressions":{"tags":{"constant_value":{"Name":"test-rt"}},"vpc_id":{"references":["aws_vpc.main"]}},"schema_version":0,"raw_data":{"FileName":"main.tf","StartLine":72,"EndLine":77}},{"address":"aws_route_table_association.public-subnet-rt-assoc","mode":"managed","type":"aws_route_table_association","name":"public-subnet-rt-assoc","provider_config_key":"aws","expressions":{"route_table_id":{"references":["aws_route_table.private-subnet-rtb"]},"subnet_id":{"references":["aws_subnet.private-subnet"]}},"schema_version":0,"raw_data":{"FileName":"main.tf","StartLine":84,"EndLine":87}},{"address":"aws_s3_bucket.test-bucket","mode":"managed","type":"aws_s3_bucket","name":"test-bucket","provider_config_key":"aws","expressions":{"bucket":{"constant_value":"atotalyrandomname929293"},"policy":{"references":["data.aws_caller_identity.current"]}},"schema_version":0,"raw_data":{"FileName":"main.tf","StartLine":134,"EndLine":152}},{"address":"aws_security_group.allow-all-local","mode":"managed","type":"aws_security_group","name":"allow-all-local","provider_config_key":"aws","expressions":{"description":{"constant_value":"allow-all-local"},"vpc_id":{"references":["aws_vpc.main"]}},"schema_version":1,"raw_data":{"FileName":"main.tf","StartLine":107,"EndLine":124}},{"address":"aws_security_group.allow-https","mode":"managed","type":"aws_security_group","name":"allow-https","provider_config_key":"aws","expressions":{"description":{"constant_value":"allow https"},"vpc_id":{"references":["aws_vpc.main"]}},"schema_version":1,"raw_data":{"FileName":"main.tf","StartLine":89,"EndLine":105}},{"address":"aws_subnet.private-subnet","mode":"managed","type":"aws_subnet","name":"private-subnet","provider_config_key":"aws","expressions":{"availability_zone":{"constant_value":"us-east-1a"},"cidr_block":{"references":["local.cidr_block"]},"tags":{"constant_value":{"Name":"private-subnet"}},"vpc_id":{"references":["aws_vpc.main"]}},"schema_version":1,"raw_data":{"FileName":"main.tf","StartLine":62,"EndLine":70}},{"address":"aws_vpc.main","mode":"managed","type":"aws_vpc","name":"main","provider_config_key":"aws","expressions":{"cidr_block":{"constant_value":"192.168.100.0/24"}},"schema_version":1,"raw_data":{"FileName":"main.tf","StartLine":58,"EndLine":60}},{"address":"aws_vpc_endpoint.s3-vpc-endpoint","mode":"managed","type":"aws_vpc_endpoint","name":"s3-vpc-endpoint","provider_config_key":"aws","expressions":{"route_table_ids":{"references":["aws_route_table.private-subnet-rtb"]},"service_name":{"references":["local.region"]},"vpc_endpoint_type":{"constant_value":"Gateway"},"vpc_id":{"references":["aws_vpc.main"]}},"schema_version":0,"raw_data":{"FileName":"main.tf","StartLine":126,"EndLine":132}},{"address":"aws_vpc_endpoint_route_table_association.example","mode":"managed","type":"aws_vpc_endpoint_route_table_association","name":"example","provider_config_key":"aws","expressions":{"route_table_id":{"references":["aws_route_table.private-subnet-rtb"]},"vpc_endpoint_id":{"references":["aws_vpc_endpoint.s3-vpc-endpoint"]}},"schema_version":0,"raw_data":{"FileName":"main.tf","StartLine":79,"EndLine":82}},{"address":"data.aws_ami.ubuntu","mode":"data","type":"aws_ami","name":"ubuntu","provider_config_key":"aws","expressions":{"filter":[{"name":{"constant_value":"name"},"values":{"constant_value":["ubuntu/images/hvm-ssd/ubuntu-focal-20.04-amd64-server-*"]}},{"name":{"constant_value":"virtualization-type"},"values":{"constant_value":["hvm"]}}],"most_recent":{"constant_value":true},"owners":{"constant_value":["099720109477"]}},"schema_version":0,"raw_data":{"FileName":"main.tf","StartLine":170,"EndLine":184}},{"address":"data.aws_caller_identity.current","mode":"data","type":"aws_caller_identity","name":"current","provider_config_key":"aws","schema_version":0,"raw_data":{"FileName":"main.tf","StartLine":10,"EndLine":10}}]}}}
