{"format_version":"0.1","terraform_version":"0.12.29","planned_values":{"root_module":{"child_modules":[{"resources":[{"address":"module.test_module.aws_s3_bucket.b","mode":"managed","type":"aws_s3_bucket","name":"b","provider_name":"aws","schema_version":0,"values":{"acl":"private","bucket":"my-tf-test-bucket5656","bucket_prefix":null,"cors_rule":[],"force_destroy":false,"grant":[],"lifecycle_rule":[],"logging":[],"object_lock_configuration":[],"policy":null,"replication_configuration":[],"server_side_encryption_configuration":[],"tags":null,"versioning":[{"enabled":true,"mfa_delete":false}],"website":[]}}],"address":"module.test_module"}]}},"resource_changes":[{"address":"module.test_module.aws_s3_bucket.b","module_address":"module.test_module","mode":"managed","type":"aws_s3_bucket","name":"b","provider_name":"aws","change":{"actions":["create"],"before":null,"after":{"acl":"private","bucket":"my-tf-test-bucket5656","bucket_prefix":null,"cors_rule":[],"force_destroy":false,"grant":[],"lifecycle_rule":[],"logging":[],"object_lock_configuration":[],"policy":null,"replication_configuration":[],"server_side_encryption_configuration":[],"tags":null,"versioning":[{"enabled":true,"mfa_delete":false}],"website":[]},"after_unknown":{"acceleration_status":true,"arn":true,"bucket_domain_name":true,"bucket_regional_domain_name":true,"cors_rule":[],"grant":[],"hosted_zone_id":true,"id":true,"lifecycle_rule":[],"logging":[],"object_lock_configuration":[],"region":true,"replication_configuration":[],"request_payer":true,"server_side_encryption_configuration":[],"versioning":[{}],"website":[],"website_domain":true,"website_endpoint":true}}}],"configuration":{"provider_config":{"aws":{"name":"aws","version_constraint":"2.70.0","expressions":{"region":{"constant_value":"us-east-1"}}},"test_module:aws":{"name":"aws","module_address":"test_module","expressions":{"region":{"constant_value":"ca-central-1"}}}},"root_module":{"module_calls":{"test_module":{"source":"./s3_bucket/versioning_enabled","module":{"resources":[{"address":"aws_s3_bucket.b","mode":"managed","type":"aws_s3_bucket","name":"b","provider_config_key":"test_module:aws","expressions":{"acl":{"constant_value":"private"},"bucket":{"constant_value":"my-tf-test-bucket5656"},"versioning":[{"enabled":{"constant_value":true}}]},"schema_version":0,"raw_data":{"FileName":"s3_bucket/versioning_enabled/main.tf","StartLine":5,"EndLine":12}}]},"raw_data":{"FileName":"main.tf","StartLine":7,"EndLine":9}}}}}}
