{"format_version":"0.1","terraform_version":"0.12.29","planned_values":{"root_module":{"child_modules":[{"resources":[{"address":"module.test_module.aws_elasticache_replication_group.cloudrail","mode":"managed","type":"aws_elasticache_replication_group","name":"cloudrail","provider_name":"aws","schema_version":1,"values":{"at_rest_encryption_enabled":true,"auth_token":null,"auto_minor_version_upgrade":true,"automatic_failover_enabled":true,"availability_zones":["us-east-1a","us-east-1b"],"engine":"redis","kms_key_id":null,"node_type":"cache.m4.large","notification_topic_arn":null,"number_cache_clusters":2,"port":null,"replication_group_description":"Encrypted","replication_group_id":"tf-rep-group-1-encrypted","snapshot_arns":null,"snapshot_name":null,"snapshot_retention_limit":null,"tags":null,"timeouts":null,"transit_encryption_enabled":false}}],"address":"module.test_module"}]}},"resource_changes":[{"address":"module.test_module.aws_elasticache_replication_group.cloudrail","module_address":"module.test_module","mode":"managed","type":"aws_elasticache_replication_group","name":"cloudrail","provider_name":"aws","change":{"actions":["create"],"before":null,"after":{"at_rest_encryption_enabled":true,"auth_token":null,"auto_minor_version_upgrade":true,"automatic_failover_enabled":true,"availability_zones":["us-east-1a","us-east-1b"],"engine":"redis","kms_key_id":null,"node_type":"cache.m4.large","notification_topic_arn":null,"number_cache_clusters":2,"port":null,"replication_group_description":"Encrypted","replication_group_id":"tf-rep-group-1-encrypted","snapshot_arns":null,"snapshot_name":null,"snapshot_retention_limit":null,"tags":null,"timeouts":null,"transit_encryption_enabled":false},"after_unknown":{"apply_immediately":true,"availability_zones":[false,false],"cluster_mode":true,"configuration_endpoint_address":true,"engine_version":true,"id":true,"maintenance_window":true,"member_clusters":true,"parameter_group_name":true,"primary_endpoint_address":true,"security_group_ids":true,"security_group_names":true,"snapshot_window":true,"subnet_group_name":true}}}],"configuration":{"provider_config":{"aws":{"name":"aws","version_constraint":"2.70.0","expressions":{"region":{"constant_value":"us-east-1"}}},"test_module:aws":{"name":"aws","module_address":"test_module","expressions":{"region":{"constant_value":"us-east-1"}}}},"root_module":{"module_calls":{"test_module":{"source":"./elasti_cache_repliaction_group/encrypted_at_rest","module":{"resources":[{"address":"aws_elasticache_replication_group.cloudrail","mode":"managed","type":"aws_elasticache_replication_group","name":"cloudrail","provider_config_key":"test_module:aws","expressions":{"at_rest_encryption_enabled":{"constant_value":true},"automatic_failover_enabled":{"constant_value":true},"availability_zones":{"constant_value":["us-east-1a","us-east-1b"]},"node_type":{"constant_value":"cache.m4.large"},"number_cache_clusters":{"constant_value":2},"replication_group_description":{"constant_value":"Encrypted"},"replication_group_id":{"constant_value":"tf-rep-group-1-encrypted"}},"schema_version":1,"raw_data":{"FileName":"elasti_cache_repliaction_group/encrypted_at_rest/main.tf","StartLine":5,"EndLine":13}}]},"raw_data":{"FileName":"main.tf","StartLine":7,"EndLine":9}}}}}}
