{"format_version":"0.1","terraform_version":"0.14.6","planned_values":{"root_module":{"resources":[{"address":"google_container_cluster.cluster1","mode":"managed","type":"google_container_cluster","name":"cluster1","provider_name":"registry.terraform.io/hashicorp/google","schema_version":1,"values":{"description":null,"enable_autopilot":null,"enable_binary_authorization":false,"enable_kubernetes_alpha":false,"enable_legacy_abac":false,"enable_shielded_nodes":true,"enable_tpu":null,"initial_node_count":3,"location":"us-west1-a","maintenance_policy":[],"master_authorized_networks_config":[],"min_master_version":null,"name":"gke-cluster-001","network":"default","private_cluster_config":[],"release_channel":[{"channel":"UNSPECIFIED"}],"remove_default_node_pool":null,"resource_labels":null,"resource_usage_export_config":[],"timeouts":null,"vertical_pod_autoscaling":[]}},{"address":"google_container_cluster.cluster2","mode":"managed","type":"google_container_cluster","name":"cluster2","provider_name":"registry.terraform.io/hashicorp/google","schema_version":1,"values":{"description":null,"enable_autopilot":null,"enable_binary_authorization":false,"enable_kubernetes_alpha":false,"enable_legacy_abac":false,"enable_shielded_nodes":true,"enable_tpu":null,"initial_node_count":3,"location":"us-west1-a","maintenance_policy":[],"master_authorized_networks_config":[],"min_master_version":null,"name":"gke-cluster-002","network":"default","private_cluster_config":[],"release_channel":[{"channel":"UNSPECIFIED"}],"remove_default_node_pool":null,"resource_labels":null,"resource_usage_export_config":[],"timeouts":null,"vertical_pod_autoscaling":[]}},{"address":"google_container_node_pool.cluster1_nodepool_1","mode":"managed","type":"google_container_node_pool","name":"cluster1_nodepool_1","provider_name":"registry.terraform.io/hashicorp/google","schema_version":1,"values":{"autoscaling":[],"cluster":"gke-cluster-001","location":"us-west1-a","management":[{"auto_repair":true,"auto_upgrade":false}],"name":"my-node-pool","node_config":[{"boot_disk_kms_key":null,"gcfs_config":[],"machine_type":"e2-small","min_cpu_platform":null,"node_group":null,"preemptible":true,"tags":null}],"node_count":1,"timeouts":null}},{"address":"google_container_node_pool.cluster1_nodepool_2","mode":"managed","type":"google_container_node_pool","name":"cluster1_nodepool_2","provider_name":"registry.terraform.io/hashicorp/google","schema_version":1,"values":{"autoscaling":[],"cluster":"gke-cluster-001","location":"us-west1-a","management":[{"auto_repair":true,"auto_upgrade":false}],"name":"my-node-pool-2","node_config":[{"boot_disk_kms_key":null,"gcfs_config":[],"machine_type":"e2-small","min_cpu_platform":null,"node_group":null,"preemptible":true,"tags":null}],"node_count":1,"timeouts":null}},{"address":"google_container_node_pool.cluster2_nodepool_1","mode":"managed","type":"google_container_node_pool","name":"cluster2_nodepool_1","provider_name":"registry.terraform.io/hashicorp/google","schema_version":1,"values":{"autoscaling":[],"cluster":"gke-cluster-002","location":"us-west1-a","management":[{"auto_repair":true,"auto_upgrade":false}],"name":"my-node-pool","node_config":[{"boot_disk_kms_key":null,"gcfs_config":[],"machine_type":"e2-small","min_cpu_platform":null,"node_group":null,"preemptible":true,"tags":null}],"node_count":1,"timeouts":null}},{"address":"google_container_node_pool.cluster2_nodepool_2","mode":"managed","type":"google_container_node_pool","name":"cluster2_nodepool_2","provider_name":"registry.terraform.io/hashicorp/google","schema_version":1,"values":{"autoscaling":[],"cluster":"gke-cluster-002","location":"us-west1-a","management":[{"auto_repair":true,"auto_upgrade":false}],"name":"my-node-pool-2","node_config":[{"boot_disk_kms_key":null,"gcfs_config":[],"machine_type":"e2-small","min_cpu_platform":null,"node_group":null,"preemptible":true,"tags":null}],"node_count":1,"timeouts":null}}]}},"resource_changes":[{"address":"google_container_cluster.cluster1","mode":"managed","type":"google_container_cluster","name":"cluster1","provider_name":"registry.terraform.io/hashicorp/google","change":{"actions":["create"],"before":null,"after":{"description":null,"enable_autopilot":null,"enable_binary_authorization":false,"enable_kubernetes_alpha":false,"enable_legacy_abac":false,"enable_shielded_nodes":true,"enable_tpu":null,"initial_node_count":3,"location":"us-west1-a","maintenance_policy":[],"master_authorized_networks_config":[],"min_master_version":null,"name":"gke-cluster-001","network":"default","private_cluster_config":[],"release_channel":[{"channel":"UNSPECIFIED"}],"remove_default_node_pool":null,"resource_labels":null,"resource_usage_export_config":[],"timeouts":null,"vertical_pod_autoscaling":[]},"after_unknown":{"addons_config":true,"authenticator_groups_config":true,"cluster_autoscaling":true,"cluster_ipv4_cidr":true,"confidential_nodes":true,"database_encryption":true,"datapath_provider":true,"default_max_pods_per_node":true,"default_snat_status":true,"enable_intranode_visibility":true,"endpoint":true,"id":true,"ip_allocation_policy":true,"label_fingerprint":true,"logging_config":true,"logging_service":true,"maintenance_policy":[],"master_auth":true,"master_authorized_networks_config":[],"master_version":true,"monitoring_config":true,"monitoring_service":true,"network_policy":true,"networking_mode":true,"node_config":true,"node_locations":true,"node_pool":true,"node_version":true,"operation":true,"private_cluster_config":[],"private_ipv6_google_access":true,"project":true,"release_channel":[{}],"resource_usage_export_config":[],"self_link":true,"services_ipv4_cidr":true,"subnetwork":true,"tpu_ipv4_cidr_block":true,"vertical_pod_autoscaling":[],"workload_identity_config":true}}},{"address":"google_container_cluster.cluster2","mode":"managed","type":"google_container_cluster","name":"cluster2","provider_name":"registry.terraform.io/hashicorp/google","change":{"actions":["create"],"before":null,"after":{"description":null,"enable_autopilot":null,"enable_binary_authorization":false,"enable_kubernetes_alpha":false,"enable_legacy_abac":false,"enable_shielded_nodes":true,"enable_tpu":null,"initial_node_count":3,"location":"us-west1-a","maintenance_policy":[],"master_authorized_networks_config":[],"min_master_version":null,"name":"gke-cluster-002","network":"default","private_cluster_config":[],"release_channel":[{"channel":"UNSPECIFIED"}],"remove_default_node_pool":null,"resource_labels":null,"resource_usage_export_config":[],"timeouts":null,"vertical_pod_autoscaling":[]},"after_unknown":{"addons_config":true,"authenticator_groups_config":true,"cluster_autoscaling":true,"cluster_ipv4_cidr":true,"confidential_nodes":true,"database_encryption":true,"datapath_provider":true,"default_max_pods_per_node":true,"default_snat_status":true,"enable_intranode_visibility":true,"endpoint":true,"id":true,"ip_allocation_policy":true,"label_fingerprint":true,"logging_config":true,"logging_service":true,"maintenance_policy":[],"master_auth":true,"master_authorized_networks_config":[],"master_version":true,"monitoring_config":true,"monitoring_service":true,"network_policy":true,"networking_mode":true,"node_config":true,"node_locations":true,"node_pool":true,"node_version":true,"operation":true,"private_cluster_config":[],"private_ipv6_google_access":true,"project":true,"release_channel":[{}],"resource_usage_export_config":[],"self_link":true,"services_ipv4_cidr":true,"subnetwork":true,"tpu_ipv4_cidr_block":true,"vertical_pod_autoscaling":[],"workload_identity_config":true}}},{"address":"google_container_node_pool.cluster1_nodepool_1","mode":"managed","type":"google_container_node_pool","name":"cluster1_nodepool_1","provider_name":"registry.terraform.io/hashicorp/google","change":{"actions":["create"],"before":null,"after":{"autoscaling":[],"cluster":"gke-cluster-001","location":"us-west1-a","management":[{"auto_repair":true,"auto_upgrade":false}],"name":"my-node-pool","node_config":[{"boot_disk_kms_key":null,"gcfs_config":[],"machine_type":"e2-small","min_cpu_platform":null,"node_group":null,"preemptible":true,"tags":null}],"node_count":1,"timeouts":null},"after_unknown":{"autoscaling":[],"id":true,"initial_node_count":true,"instance_group_urls":true,"managed_instance_group_urls":true,"management":[{}],"max_pods_per_node":true,"name_prefix":true,"node_config":[{"disk_size_gb":true,"disk_type":true,"gcfs_config":[],"guest_accelerator":true,"image_type":true,"labels":true,"local_ssd_count":true,"metadata":true,"oauth_scopes":true,"service_account":true,"shielded_instance_config":true,"taint":true,"workload_metadata_config":true}],"node_locations":true,"operation":true,"project":true,"upgrade_settings":true,"version":true}}},{"address":"google_container_node_pool.cluster1_nodepool_2","mode":"managed","type":"google_container_node_pool","name":"cluster1_nodepool_2","provider_name":"registry.terraform.io/hashicorp/google","change":{"actions":["create"],"before":null,"after":{"autoscaling":[],"cluster":"gke-cluster-001","location":"us-west1-a","management":[{"auto_repair":true,"auto_upgrade":false}],"name":"my-node-pool-2","node_config":[{"boot_disk_kms_key":null,"gcfs_config":[],"machine_type":"e2-small","min_cpu_platform":null,"node_group":null,"preemptible":true,"tags":null}],"node_count":1,"timeouts":null},"after_unknown":{"autoscaling":[],"id":true,"initial_node_count":true,"instance_group_urls":true,"managed_instance_group_urls":true,"management":[{}],"max_pods_per_node":true,"name_prefix":true,"node_config":[{"disk_size_gb":true,"disk_type":true,"gcfs_config":[],"guest_accelerator":true,"image_type":true,"labels":true,"local_ssd_count":true,"metadata":true,"oauth_scopes":true,"service_account":true,"shielded_instance_config":true,"taint":true,"workload_metadata_config":true}],"node_locations":true,"operation":true,"project":true,"upgrade_settings":true,"version":true}}},{"address":"google_container_node_pool.cluster2_nodepool_1","mode":"managed","type":"google_container_node_pool","name":"cluster2_nodepool_1","provider_name":"registry.terraform.io/hashicorp/google","change":{"actions":["create"],"before":null,"after":{"autoscaling":[],"cluster":"gke-cluster-002","location":"us-west1-a","management":[{"auto_repair":true,"auto_upgrade":false}],"name":"my-node-pool","node_config":[{"boot_disk_kms_key":null,"gcfs_config":[],"machine_type":"e2-small","min_cpu_platform":null,"node_group":null,"preemptible":true,"tags":null}],"node_count":1,"timeouts":null},"after_unknown":{"autoscaling":[],"id":true,"initial_node_count":true,"instance_group_urls":true,"managed_instance_group_urls":true,"management":[{}],"max_pods_per_node":true,"name_prefix":true,"node_config":[{"disk_size_gb":true,"disk_type":true,"gcfs_config":[],"guest_accelerator":true,"image_type":true,"labels":true,"local_ssd_count":true,"metadata":true,"oauth_scopes":true,"service_account":true,"shielded_instance_config":true,"taint":true,"workload_metadata_config":true}],"node_locations":true,"operation":true,"project":true,"upgrade_settings":true,"version":true}}},{"address":"google_container_node_pool.cluster2_nodepool_2","mode":"managed","type":"google_container_node_pool","name":"cluster2_nodepool_2","provider_name":"registry.terraform.io/hashicorp/google","change":{"actions":["create"],"before":null,"after":{"autoscaling":[],"cluster":"gke-cluster-002","location":"us-west1-a","management":[{"auto_repair":true,"auto_upgrade":false}],"name":"my-node-pool-2","node_config":[{"boot_disk_kms_key":null,"gcfs_config":[],"machine_type":"e2-small","min_cpu_platform":null,"node_group":null,"preemptible":true,"tags":null}],"node_count":1,"timeouts":null},"after_unknown":{"autoscaling":[],"id":true,"initial_node_count":true,"instance_group_urls":true,"managed_instance_group_urls":true,"management":[{}],"max_pods_per_node":true,"name_prefix":true,"node_config":[{"disk_size_gb":true,"disk_type":true,"gcfs_config":[],"guest_accelerator":true,"image_type":true,"labels":true,"local_ssd_count":true,"metadata":true,"oauth_scopes":true,"service_account":true,"shielded_instance_config":true,"taint":true,"workload_metadata_config":true}],"node_locations":true,"operation":true,"project":true,"upgrade_settings":true,"version":true}}}],"configuration":{"provider_config":{"google":{"name":"google","expressions":{"project":{"constant_value":"dev-for-tests"},"region":{"constant_value":"us-west1"}}}},"root_module":{"resources":[{"address":"google_container_cluster.cluster1","mode":"managed","type":"google_container_cluster","name":"cluster1","provider_config_key":"google","expressions":{"initial_node_count":{"constant_value":3},"location":{"constant_value":"us-west1-a"},"name":{"constant_value":"gke-cluster-001"},"release_channel":[{"channel":{"constant_value":"UNSPECIFIED"}}]},"schema_version":1,"raw_data":{"FileName":"main.tf","StartLine":6,"EndLine":13}},{"address":"google_container_cluster.cluster2","mode":"managed","type":"google_container_cluster","name":"cluster2","provider_config_key":"google","expressions":{"initial_node_count":{"constant_value":3},"location":{"constant_value":"us-west1-a"},"name":{"constant_value":"gke-cluster-002"},"release_channel":[{"channel":{"constant_value":"UNSPECIFIED"}}]},"schema_version":1,"raw_data":{"FileName":"main.tf","StartLine":15,"EndLine":22}},{"address":"google_container_node_pool.cluster1_nodepool_1","mode":"managed","type":"google_container_node_pool","name":"cluster1_nodepool_1","provider_config_key":"google","expressions":{"cluster":{"references":["google_container_cluster.cluster1"]},"location":{"constant_value":"us-west1-a"},"management":[{"auto_repair":{"constant_value":true}}],"name":{"constant_value":"my-node-pool"},"node_config":[{"machine_type":{"constant_value":"e2-small"},"preemptible":{"constant_value":true}}],"node_count":{"constant_value":1}},"schema_version":1,"raw_data":{"FileName":"main.tf","StartLine":24,"EndLine":38}},{"address":"google_container_node_pool.cluster1_nodepool_2","mode":"managed","type":"google_container_node_pool","name":"cluster1_nodepool_2","provider_config_key":"google","expressions":{"cluster":{"references":["google_container_cluster.cluster1"]},"location":{"constant_value":"us-west1-a"},"management":[{"auto_repair":{"constant_value":true}}],"name":{"constant_value":"my-node-pool-2"},"node_config":[{"machine_type":{"constant_value":"e2-small"},"preemptible":{"constant_value":true}}],"node_count":{"constant_value":1}},"schema_version":1,"raw_data":{"FileName":"main.tf","StartLine":40,"EndLine":54}},{"address":"google_container_node_pool.cluster2_nodepool_1","mode":"managed","type":"google_container_node_pool","name":"cluster2_nodepool_1","provider_config_key":"google","expressions":{"cluster":{"references":["google_container_cluster.cluster2"]},"location":{"constant_value":"us-west1-a"},"management":[{"auto_repair":{"constant_value":true}}],"name":{"constant_value":"my-node-pool"},"node_config":[{"machine_type":{"constant_value":"e2-small"},"preemptible":{"constant_value":true}}],"node_count":{"constant_value":1}},"schema_version":1,"raw_data":{"FileName":"main.tf","StartLine":56,"EndLine":70}},{"address":"google_container_node_pool.cluster2_nodepool_2","mode":"managed","type":"google_container_node_pool","name":"cluster2_nodepool_2","provider_config_key":"google","expressions":{"cluster":{"references":["google_container_cluster.cluster2"]},"location":{"constant_value":"us-west1-a"},"management":[{"auto_repair":{"constant_value":true}}],"name":{"constant_value":"my-node-pool-2"},"node_config":[{"machine_type":{"constant_value":"e2-small"},"preemptible":{"constant_value":true}}],"node_count":{"constant_value":1}},"schema_version":1,"raw_data":{"FileName":"main.tf","StartLine":72,"EndLine":86}}]}}}
