{"format_version":"0.1","terraform_version":"0.12.29","planned_values":{"root_module":{"resources":[{"address":"aws_autoscaling_group.web-asg","mode":"managed","type":"aws_autoscaling_group","name":"web-asg","provider_name":"aws","schema_version":0,"values":{"availability_zones":["us-east-1a","us-east-1b"],"capacity_rebalance":null,"desired_capacity":2,"enabled_metrics":null,"force_delete":true,"health_check_grace_period":300,"initial_lifecycle_hook":[],"instance_refresh":[],"launch_configuration":"terraform-example-lc","launch_template":[],"load_balancers":["terraform-example-elb"],"max_instance_lifetime":null,"max_size":5,"metrics_granularity":"1Minute","min_elb_capacity":null,"min_size":1,"mixed_instances_policy":[],"name":"terraform-example-asg","name_prefix":null,"placement_group":null,"protect_from_scale_in":false,"suspended_processes":null,"tag":[{"key":"Name","propagate_at_launch":true,"value":"web-asg"}],"tags":null,"target_group_arns":null,"termination_policies":null,"timeouts":null,"wait_for_capacity_timeout":"10m","wait_for_elb_capacity":null}},{"address":"aws_elb.web-elb","mode":"managed","type":"aws_elb","name":"web-elb","provider_name":"aws","schema_version":0,"values":{"access_logs":[],"availability_zones":["us-east-1a","us-east-1b"],"connection_draining":false,"connection_draining_timeout":300,"cross_zone_load_balancing":true,"health_check":[{"healthy_threshold":2,"interval":30,"target":"HTTP:80/","timeout":3,"unhealthy_threshold":2}],"idle_timeout":60,"listener":[{"instance_port":80,"instance_protocol":"http","lb_port":80,"lb_protocol":"http","ssl_certificate_id":""}],"name":"terraform-example-elb","name_prefix":null,"tags":null}},{"address":"aws_launch_configuration.web-lc","mode":"managed","type":"aws_launch_configuration","name":"web-lc","provider_name":"aws","schema_version":0,"values":{"associate_public_ip_address":false,"enable_monitoring":true,"ephemeral_block_device":[],"iam_instance_profile":null,"image_id":"ami-000b3a073fc20e415","instance_type":"m4.large","key_name":"develop","name":"terraform-example-lc","name_prefix":null,"placement_tenancy":null,"security_groups":["aws_security_group.default.id"],"spot_price":null,"user_data":null,"user_data_base64":null,"vpc_classic_link_id":null,"vpc_classic_link_security_groups":null}},{"address":"aws_security_group.default","mode":"managed","type":"aws_security_group","name":"default","provider_name":"aws","schema_version":1,"values":{"description":"Used in the terraform","egress":[{"cidr_blocks":["0.0.0.0/0"],"description":"","from_port":0,"ipv6_cidr_blocks":[],"prefix_list_ids":[],"protocol":"-1","security_groups":[],"self":false,"to_port":0}],"ingress":[{"cidr_blocks":["0.0.0.0/0"],"description":"","from_port":22,"ipv6_cidr_blocks":[],"prefix_list_ids":[],"protocol":"tcp","security_groups":[],"self":false,"to_port":22},{"cidr_blocks":["0.0.0.0/0"],"description":"","from_port":80,"ipv6_cidr_blocks":[],"prefix_list_ids":[],"protocol":"tcp","security_groups":[],"self":false,"to_port":80}],"name":"terraform_example_sg","revoke_rules_on_delete":false,"tags":null,"timeouts":null}}]}},"resource_changes":[{"address":"aws_autoscaling_group.web-asg","mode":"managed","type":"aws_autoscaling_group","name":"web-asg","provider_name":"aws","change":{"actions":["create"],"before":null,"after":{"availability_zones":["us-east-1a","us-east-1b"],"capacity_rebalance":null,"desired_capacity":2,"enabled_metrics":null,"force_delete":true,"health_check_grace_period":300,"initial_lifecycle_hook":[],"instance_refresh":[],"launch_configuration":"terraform-example-lc","launch_template":[],"load_balancers":["terraform-example-elb"],"max_instance_lifetime":null,"max_size":5,"metrics_granularity":"1Minute","min_elb_capacity":null,"min_size":1,"mixed_instances_policy":[],"name":"terraform-example-asg","name_prefix":null,"placement_group":null,"protect_from_scale_in":false,"suspended_processes":null,"tag":[{"key":"Name","propagate_at_launch":true,"value":"web-asg"}],"tags":null,"target_group_arns":null,"termination_policies":null,"timeouts":null,"wait_for_capacity_timeout":"10m","wait_for_elb_capacity":null},"after_unknown":{"arn":true,"availability_zones":[false,false],"default_cooldown":true,"health_check_type":true,"id":true,"initial_lifecycle_hook":[],"instance_refresh":[],"launch_template":[],"load_balancers":[false],"mixed_instances_policy":[],"service_linked_role_arn":true,"tag":[{}],"vpc_zone_identifier":true}}},{"address":"aws_elb.web-elb","mode":"managed","type":"aws_elb","name":"web-elb","provider_name":"aws","change":{"actions":["create"],"before":null,"after":{"access_logs":[],"availability_zones":["us-east-1a","us-east-1b"],"connection_draining":false,"connection_draining_timeout":300,"cross_zone_load_balancing":true,"health_check":[{"healthy_threshold":2,"interval":30,"target":"HTTP:80/","timeout":3,"unhealthy_threshold":2}],"idle_timeout":60,"listener":[{"instance_port":80,"instance_protocol":"http","lb_port":80,"lb_protocol":"http","ssl_certificate_id":""}],"name":"terraform-example-elb","name_prefix":null,"tags":null},"after_unknown":{"access_logs":[],"arn":true,"availability_zones":[false,false],"dns_name":true,"health_check":[{}],"id":true,"instances":true,"internal":true,"listener":[{}],"security_groups":true,"source_security_group":true,"source_security_group_id":true,"subnets":true,"zone_id":true}}},{"address":"aws_launch_configuration.web-lc","mode":"managed","type":"aws_launch_configuration","name":"web-lc","provider_name":"aws","change":{"actions":["create"],"before":null,"after":{"associate_public_ip_address":false,"enable_monitoring":true,"ephemeral_block_device":[],"iam_instance_profile":null,"image_id":"ami-000b3a073fc20e415","instance_type":"m4.large","key_name":"develop","name":"terraform-example-lc","name_prefix":null,"placement_tenancy":null,"security_groups":["aws_security_group.default.id"],"spot_price":null,"user_data":null,"user_data_base64":null,"vpc_classic_link_id":null,"vpc_classic_link_security_groups":null},"after_unknown":{"arn":true,"ebs_block_device":true,"ebs_optimized":true,"ephemeral_block_device":[],"id":true,"metadata_options":true,"root_block_device":true,"security_groups":[false]}}},{"address":"aws_security_group.default","mode":"managed","type":"aws_security_group","name":"default","provider_name":"aws","change":{"actions":["create"],"before":null,"after":{"description":"Used in the terraform","egress":[{"cidr_blocks":["0.0.0.0/0"],"description":"","from_port":0,"ipv6_cidr_blocks":[],"prefix_list_ids":[],"protocol":"-1","security_groups":[],"self":false,"to_port":0}],"ingress":[{"cidr_blocks":["0.0.0.0/0"],"description":"","from_port":22,"ipv6_cidr_blocks":[],"prefix_list_ids":[],"protocol":"tcp","security_groups":[],"self":false,"to_port":22},{"cidr_blocks":["0.0.0.0/0"],"description":"","from_port":80,"ipv6_cidr_blocks":[],"prefix_list_ids":[],"protocol":"tcp","security_groups":[],"self":false,"to_port":80}],"name":"terraform_example_sg","revoke_rules_on_delete":false,"tags":null,"timeouts":null},"after_unknown":{"arn":true,"egress":[{"cidr_blocks":[false],"ipv6_cidr_blocks":[],"prefix_list_ids":[],"security_groups":[]}],"id":true,"ingress":[{"cidr_blocks":[false],"ipv6_cidr_blocks":[],"prefix_list_ids":[],"security_groups":[]},{"cidr_blocks":[false],"ipv6_cidr_blocks":[],"prefix_list_ids":[],"security_groups":[]}],"name_prefix":true,"owner_id":true,"vpc_id":true}}}],"prior_state":{"format_version":"0.1","terraform_version":"0.12.29","values":{"root_module":{"resources":[{"address":"data.aws_ami.ubuntu","mode":"data","type":"aws_ami","name":"ubuntu","provider_name":"aws","schema_version":0,"values":{"architecture":"x86_64","arn":"arn:aws:ec2:us-east-1::image/ami-000b3a073fc20e415","block_device_mappings":[{"device_name":"/dev/sda1","ebs":{"delete_on_termination":"true","encrypted":"false","iops":"0","snapshot_id":"snap-0d0c75281cdaf5fe5","throughput":"0","volume_size":"8","volume_type":"gp2"},"no_device":"","virtual_name":""},{"device_name":"/dev/sdb","ebs":{},"no_device":"","virtual_name":"ephemeral0"},{"device_name":"/dev/sdc","ebs":{},"no_device":"","virtual_name":"ephemeral1"}],"creation_date":"2019-11-11T13:12:33.000Z","description":"Canonical, Ubuntu, 14.04 LTS, amd64 trusty image build on 2019-11-07","ena_support":true,"executable_users":null,"filter":[{"name":"name","values":["ubuntu/images/hvm-ssd/ubuntu-trusty-14.04-amd64-server-*"]},{"name":"virtualization-type","values":["hvm"]}],"hypervisor":"xen","id":"ami-000b3a073fc20e415","image_id":"ami-000b3a073fc20e415","image_location":"099720109477/ubuntu/images/hvm-ssd/ubuntu-trusty-14.04-amd64-server-20191107","image_owner_alias":null,"image_type":"machine","kernel_id":null,"most_recent":true,"name":"ubuntu/images/hvm-ssd/ubuntu-trusty-14.04-amd64-server-20191107","name_regex":null,"owner_id":"099720109477","owners":["099720109477"],"platform":null,"platform_details":"Linux/UNIX","product_codes":[],"public":true,"ramdisk_id":null,"root_device_name":"/dev/sda1","root_device_type":"ebs","root_snapshot_id":"snap-0d0c75281cdaf5fe5","sriov_net_support":"simple","state":"available","state_reason":{"code":"UNSET","message":"UNSET"},"tags":{},"usage_operation":"RunInstances","virtualization_type":"hvm"}}]}}},"configuration":{"provider_config":{"aws":{"name":"aws","expressions":{"region":{"constant_value":"us-east-1"}}}},"root_module":{"resources":[{"address":"aws_autoscaling_group.web-asg","mode":"managed","type":"aws_autoscaling_group","name":"web-asg","provider_config_key":"aws","expressions":{"availability_zones":{"references":["local.availability_zones"]},"desired_capacity":{"constant_value":2},"force_delete":{"constant_value":true},"launch_configuration":{"references":["aws_launch_configuration.web-lc"]},"load_balancers":{"references":["aws_elb.web-elb"]},"max_size":{"constant_value":5},"min_size":{"constant_value":1},"name":{"constant_value":"terraform-example-asg"},"tag":[{"key":{"constant_value":"Name"},"propagate_at_launch":{"constant_value":"true"},"value":{"constant_value":"web-asg"}}]},"schema_version":0,"raw_data":{"FileName":"main.tf","StartLine":45,"EndLine":60}},{"address":"aws_elb.web-elb","mode":"managed","type":"aws_elb","name":"web-elb","provider_config_key":"aws","expressions":{"availability_zones":{"references":["local.availability_zones"]},"health_check":[{"healthy_threshold":{"constant_value":2},"interval":{"constant_value":30},"target":{"constant_value":"HTTP:80/"},"timeout":{"constant_value":3},"unhealthy_threshold":{"constant_value":2}}],"listener":[{"instance_port":{"constant_value":80},"instance_protocol":{"constant_value":"http"},"lb_port":{"constant_value":80},"lb_protocol":{"constant_value":"http"}}],"name":{"constant_value":"terraform-example-elb"}},"schema_version":0,"raw_data":{"FileName":"main.tf","StartLine":27,"EndLine":44}},{"address":"aws_launch_configuration.web-lc","mode":"managed","type":"aws_launch_configuration","name":"web-lc","provider_config_key":"aws","expressions":{"image_id":{"references":["data.aws_ami.ubuntu"]},"instance_type":{"constant_value":"m4.large"},"key_name":{"constant_value":"develop"},"name":{"constant_value":"terraform-example-lc"},"security_groups":{"references":["aws_security_group.default"]}},"schema_version":0,"raw_data":{"FileName":"main.tf","StartLine":61,"EndLine":68}},{"address":"aws_security_group.default","mode":"managed","type":"aws_security_group","name":"default","provider_config_key":"aws","expressions":{"description":{"constant_value":"Used in the terraform"},"name":{"constant_value":"terraform_example_sg"}},"schema_version":1,"raw_data":{"FileName":"main.tf","StartLine":71,"EndLine":95}},{"address":"data.aws_ami.ubuntu","mode":"data","type":"aws_ami","name":"ubuntu","provider_config_key":"aws","expressions":{"filter":[{"name":{"constant_value":"name"},"values":{"constant_value":["ubuntu/images/hvm-ssd/ubuntu-trusty-14.04-amd64-server-*"]}},{"name":{"constant_value":"virtualization-type"},"values":{"constant_value":["hvm"]}}],"most_recent":{"constant_value":true},"owners":{"constant_value":["099720109477"]}},"schema_version":0,"raw_data":{"FileName":"main.tf","StartLine":11,"EndLine":25}}]}}}
