{"format_version":"0.1","terraform_version":"0.12.29","planned_values":{"root_module":{"resources":[{"address":"aws_launch_template.launch_template_test","mode":"managed","type":"aws_launch_template","name":"launch_template_test","provider_name":"aws","schema_version":0,"values":{"block_device_mappings":[{"device_name":"/dev/sda1","ebs":[{"delete_on_termination":null,"encrypted":null,"kms_key_id":null,"snapshot_id":null,"volume_size":20}],"no_device":null,"virtual_name":null}],"capacity_reservation_specification":[{"capacity_reservation_preference":"open","capacity_reservation_target":[]}],"cpu_options":[{"core_count":4,"threads_per_core":2}],"credit_specification":[{"cpu_credits":"standard"}],"description":null,"disable_api_termination":true,"ebs_optimized":"true","elastic_gpu_specifications":[{"type":"test"}],"elastic_inference_accelerator":[{"type":"eia1.medium"}],"enclave_options":[],"hibernation_options":[],"iam_instance_profile":[],"image_id":"ami-022f8e8ca7e5665d7","instance_initiated_shutdown_behavior":"terminate","instance_market_options":[{"market_type":"spot","spot_options":[]}],"instance_type":"t2.micro","kernel_id":null,"key_name":null,"license_specification":[{"license_configuration_arn":"arn:aws:license-manager:us-east-1:123456789012:license-configuration:lic-0123456789abcdef0123456789abcdef"}],"metadata_options":[{"http_endpoint":"enabled","http_put_response_hop_limit":1,"http_tokens":"required"}],"monitoring":[{"enabled":true}],"name":"launch_template_test","name_prefix":null,"network_interfaces":[{"associate_carrier_ip_address":null,"associate_public_ip_address":"true","delete_on_termination":null,"description":null,"device_index":null,"ipv4_address_count":null,"ipv4_addresses":null,"ipv6_address_count":null,"ipv6_addresses":null,"network_interface_id":null,"private_ip_address":null,"security_groups":null,"subnet_id":null}],"placement":[{"affinity":null,"availability_zone":"us-east-2a","group_name":null,"host_id":null,"partition_number":null,"spread_domain":null,"tenancy":null}],"ram_disk_id":null,"security_group_names":null,"tag_specifications":[{"resource_type":"instance","tags":{"Name":"test"}}],"tags":null,"update_default_version":null,"user_data":null,"vpc_security_group_ids":["sg-12345678"]}}]}},"resource_changes":[{"address":"aws_launch_template.launch_template_test","mode":"managed","type":"aws_launch_template","name":"launch_template_test","provider_name":"aws","change":{"actions":["create"],"before":null,"after":{"block_device_mappings":[{"device_name":"/dev/sda1","ebs":[{"delete_on_termination":null,"encrypted":null,"kms_key_id":null,"snapshot_id":null,"volume_size":20}],"no_device":null,"virtual_name":null}],"capacity_reservation_specification":[{"capacity_reservation_preference":"open","capacity_reservation_target":[]}],"cpu_options":[{"core_count":4,"threads_per_core":2}],"credit_specification":[{"cpu_credits":"standard"}],"description":null,"disable_api_termination":true,"ebs_optimized":"true","elastic_gpu_specifications":[{"type":"test"}],"elastic_inference_accelerator":[{"type":"eia1.medium"}],"enclave_options":[],"hibernation_options":[],"iam_instance_profile":[],"image_id":"ami-022f8e8ca7e5665d7","instance_initiated_shutdown_behavior":"terminate","instance_market_options":[{"market_type":"spot","spot_options":[]}],"instance_type":"t2.micro","kernel_id":null,"key_name":null,"license_specification":[{"license_configuration_arn":"arn:aws:license-manager:us-east-1:123456789012:license-configuration:lic-0123456789abcdef0123456789abcdef"}],"metadata_options":[{"http_endpoint":"enabled","http_put_response_hop_limit":1,"http_tokens":"required"}],"monitoring":[{"enabled":true}],"name":"launch_template_test","name_prefix":null,"network_interfaces":[{"associate_carrier_ip_address":null,"associate_public_ip_address":"true","delete_on_termination":null,"description":null,"device_index":null,"ipv4_address_count":null,"ipv4_addresses":null,"ipv6_address_count":null,"ipv6_addresses":null,"network_interface_id":null,"private_ip_address":null,"security_groups":null,"subnet_id":null}],"placement":[{"affinity":null,"availability_zone":"us-east-2a","group_name":null,"host_id":null,"partition_number":null,"spread_domain":null,"tenancy":null}],"ram_disk_id":null,"security_group_names":null,"tag_specifications":[{"resource_type":"instance","tags":{"Name":"test"}}],"tags":null,"update_default_version":null,"user_data":null,"vpc_security_group_ids":["sg-12345678"]},"after_unknown":{"arn":true,"block_device_mappings":[{"ebs":[{"iops":true,"throughput":true,"volume_type":true}]}],"capacity_reservation_specification":[{"capacity_reservation_target":[]}],"cpu_options":[{}],"credit_specification":[{}],"default_version":true,"elastic_gpu_specifications":[{}],"elastic_inference_accelerator":[{}],"enclave_options":[],"hibernation_options":[],"iam_instance_profile":[],"id":true,"instance_market_options":[{"spot_options":[]}],"latest_version":true,"license_specification":[{}],"metadata_options":[{}],"monitoring":[{}],"network_interfaces":[{}],"placement":[{}],"tag_specifications":[{"tags":{}}],"vpc_security_group_ids":[false]}}}],"configuration":{"provider_config":{"aws":{"name":"aws","expressions":{"region":{"constant_value":"us-east-1"}}}},"root_module":{"resources":[{"address":"aws_launch_template.launch_template_test","mode":"managed","type":"aws_launch_template","name":"launch_template_test","provider_config_key":"aws","expressions":{"block_device_mappings":[{"device_name":{"constant_value":"/dev/sda1"},"ebs":[{"volume_size":{"constant_value":20}}]}],"capacity_reservation_specification":[{"capacity_reservation_preference":{"constant_value":"open"}}],"cpu_options":[{"core_count":{"constant_value":4},"threads_per_core":{"constant_value":2}}],"credit_specification":[{"cpu_credits":{"constant_value":"standard"}}],"disable_api_termination":{"constant_value":true},"ebs_optimized":{"constant_value":true},"elastic_gpu_specifications":[{"type":{"constant_value":"test"}}],"elastic_inference_accelerator":[{"type":{"constant_value":"eia1.medium"}}],"image_id":{"constant_value":"ami-022f8e8ca7e5665d7"},"instance_initiated_shutdown_behavior":{"constant_value":"terminate"},"instance_market_options":[{"market_type":{"constant_value":"spot"}}],"instance_type":{"constant_value":"t2.micro"},"license_specification":[{"license_configuration_arn":{"constant_value":"arn:aws:license-manager:us-east-1:123456789012:license-configuration:lic-0123456789abcdef0123456789abcdef"}}],"metadata_options":[{"http_endpoint":{"constant_value":"enabled"},"http_put_response_hop_limit":{"constant_value":1},"http_tokens":{"constant_value":"required"}}],"monitoring":[{"enabled":{"constant_value":true}}],"name":{"constant_value":"launch_template_test"},"network_interfaces":[{"associate_public_ip_address":{"constant_value":true}}],"placement":[{"availability_zone":{"constant_value":"us-east-2a"}}],"tag_specifications":[{"resource_type":{"constant_value":"instance"},"tags":{"constant_value":{"Name":"test"}}}],"vpc_security_group_ids":{"constant_value":["sg-12345678"]}},"schema_version":0,"raw_data":{"FileName":"main.tf","StartLine":9,"EndLine":81}}]}}}
