{"format_version":"0.1","terraform_version":"0.14.6","planned_values":{"root_module":{"resources":[{"address":"azurerm_kubernetes_cluster.aks","mode":"managed","type":"azurerm_kubernetes_cluster","name":"aks","provider_name":"registry.terraform.io/hashicorp/azurerm","schema_version":0,"values":{"api_server_authorized_ip_ranges":null,"automatic_channel_upgrade":null,"default_node_pool":[{"availability_zones":null,"enable_auto_scaling":null,"enable_host_encryption":null,"enable_node_public_ip":null,"fips_enabled":null,"kubelet_config":[],"linux_os_config":[],"max_count":null,"min_count":null,"name":"default","node_count":1,"node_labels":null,"node_public_ip_prefix_id":null,"node_taints":null,"only_critical_addons_enabled":null,"os_disk_size_gb":40,"os_disk_type":"Managed","proximity_placement_group_id":null,"tags":null,"type":"VirtualMachineScaleSets","upgrade_settings":[],"vm_size":"Standard_B2S","vnet_subnet_id":null}],"disk_encryption_set_id":null,"dns_prefix":"exampleaks1","dns_prefix_private_cluster":null,"enable_pod_security_policy":null,"identity":[{"type":"SystemAssigned","user_assigned_identity_id":null}],"linux_profile":[],"local_account_disabled":null,"location":"westeurope","maintenance_window":[],"name":"cr2304aks-aks","resource_group_name":"cr2304aks-RG","role_based_access_control":[{"azure_active_directory":[],"enabled":true}],"service_principal":[],"sku_tier":"Free","tags":null,"timeouts":null}},{"address":"azurerm_resource_group.rg","mode":"managed","type":"azurerm_resource_group","name":"rg","provider_name":"registry.terraform.io/hashicorp/azurerm","schema_version":0,"values":{"location":"westeurope","name":"cr2304aks-RG","tags":null,"timeouts":null}}]}},"resource_changes":[{"address":"azurerm_kubernetes_cluster.aks","mode":"managed","type":"azurerm_kubernetes_cluster","name":"aks","provider_name":"registry.terraform.io/hashicorp/azurerm","change":{"actions":["create"],"before":null,"after":{"api_server_authorized_ip_ranges":null,"automatic_channel_upgrade":null,"default_node_pool":[{"availability_zones":null,"enable_auto_scaling":null,"enable_host_encryption":null,"enable_node_public_ip":null,"fips_enabled":null,"kubelet_config":[],"linux_os_config":[],"max_count":null,"min_count":null,"name":"default","node_count":1,"node_labels":null,"node_public_ip_prefix_id":null,"node_taints":null,"only_critical_addons_enabled":null,"os_disk_size_gb":40,"os_disk_type":"Managed","proximity_placement_group_id":null,"tags":null,"type":"VirtualMachineScaleSets","upgrade_settings":[],"vm_size":"Standard_B2S","vnet_subnet_id":null}],"disk_encryption_set_id":null,"dns_prefix":"exampleaks1","dns_prefix_private_cluster":null,"enable_pod_security_policy":null,"identity":[{"type":"SystemAssigned","user_assigned_identity_id":null}],"linux_profile":[],"local_account_disabled":null,"location":"westeurope","maintenance_window":[],"name":"cr2304aks-aks","resource_group_name":"cr2304aks-RG","role_based_access_control":[{"azure_active_directory":[],"enabled":true}],"service_principal":[],"sku_tier":"Free","tags":null,"timeouts":null},"after_unknown":{"addon_profile":true,"auto_scaler_profile":true,"default_node_pool":[{"kubelet_config":[],"kubelet_disk_type":true,"linux_os_config":[],"max_pods":true,"orchestrator_version":true,"upgrade_settings":[]}],"fqdn":true,"id":true,"identity":[{"principal_id":true,"tenant_id":true}],"kube_admin_config":true,"kube_admin_config_raw":true,"kube_config":true,"kube_config_raw":true,"kubelet_identity":true,"kubernetes_version":true,"linux_profile":[],"maintenance_window":[],"network_profile":true,"node_resource_group":true,"private_cluster_enabled":true,"private_dns_zone_id":true,"private_fqdn":true,"private_link_enabled":true,"role_based_access_control":[{"azure_active_directory":[]}],"service_principal":[],"windows_profile":true}}},{"address":"azurerm_resource_group.rg","mode":"managed","type":"azurerm_resource_group","name":"rg","provider_name":"registry.terraform.io/hashicorp/azurerm","change":{"actions":["create"],"before":null,"after":{"location":"westeurope","name":"cr2304aks-RG","tags":null,"timeouts":null},"after_unknown":{"id":true}}}],"configuration":{"provider_config":{"azurerm":{"name":"azurerm","expressions":{"features":[{}]}}},"root_module":{"resources":[{"address":"azurerm_kubernetes_cluster.aks","mode":"managed","type":"azurerm_kubernetes_cluster","name":"aks","provider_config_key":"azurerm","expressions":{"default_node_pool":[{"name":{"constant_value":"default"},"node_count":{"constant_value":1},"os_disk_size_gb":{"constant_value":40},"vm_size":{"constant_value":"Standard_B2S"}}],"dns_prefix":{"constant_value":"exampleaks1"},"identity":[{"type":{"constant_value":"SystemAssigned"}}],"location":{"references":["azurerm_resource_group.rg"]},"name":{"references":["local.resource_prefix"]},"resource_group_name":{"references":["azurerm_resource_group.rg"]},"role_based_access_control":[{"enabled":{"constant_value":true}}]},"schema_version":0,"raw_data":{"FileName":"main.tf","StartLine":15,"EndLine":36}},{"address":"azurerm_resource_group.rg","mode":"managed","type":"azurerm_resource_group","name":"rg","provider_config_key":"azurerm","expressions":{"location":{"constant_value":"West Europe"},"name":{"references":["local.resource_prefix"]}},"schema_version":0,"raw_data":{"FileName":"main.tf","StartLine":10,"EndLine":13}}]}}}
