{"format_version":"0.1","terraform_version":"0.14.6","planned_values":{"root_module":{"resources":[{"address":"azurerm_data_lake_analytics_account.dla","mode":"managed","type":"azurerm_data_lake_analytics_account","name":"dla","provider_name":"registry.terraform.io/hashicorp/azurerm","schema_version":0,"values":{"default_store_account_name":"cr2373datalakestore","location":"westeurope","name":"cr2373datalakeanalytics","resource_group_name":"cr2373-RG","tags":null,"tier":"Consumption","timeouts":null}},{"address":"azurerm_data_lake_store.dls","mode":"managed","type":"azurerm_data_lake_store","name":"dls","provider_name":"registry.terraform.io/hashicorp/azurerm","schema_version":0,"values":{"encryption_state":"Enabled","firewall_allow_azure_ips":"Enabled","firewall_state":"Enabled","identity":[],"location":"westeurope","name":"cr2373datalakestore","resource_group_name":"cr2373-RG","tags":null,"tier":"Consumption","timeouts":null}},{"address":"azurerm_resource_group.rg","mode":"managed","type":"azurerm_resource_group","name":"rg","provider_name":"registry.terraform.io/hashicorp/azurerm","schema_version":0,"values":{"location":"westeurope","name":"cr2373-RG","tags":null,"timeouts":null}}]}},"resource_changes":[{"address":"azurerm_data_lake_analytics_account.dla","mode":"managed","type":"azurerm_data_lake_analytics_account","name":"dla","provider_name":"registry.terraform.io/hashicorp/azurerm","change":{"actions":["create"],"before":null,"after":{"default_store_account_name":"cr2373datalakestore","location":"westeurope","name":"cr2373datalakeanalytics","resource_group_name":"cr2373-RG","tags":null,"tier":"Consumption","timeouts":null},"after_unknown":{"id":true}}},{"address":"azurerm_data_lake_store.dls","mode":"managed","type":"azurerm_data_lake_store","name":"dls","provider_name":"registry.terraform.io/hashicorp/azurerm","change":{"actions":["create"],"before":null,"after":{"encryption_state":"Enabled","firewall_allow_azure_ips":"Enabled","firewall_state":"Enabled","identity":[],"location":"westeurope","name":"cr2373datalakestore","resource_group_name":"cr2373-RG","tags":null,"tier":"Consumption","timeouts":null},"after_unknown":{"encryption_type":true,"endpoint":true,"id":true,"identity":[]}}},{"address":"azurerm_resource_group.rg","mode":"managed","type":"azurerm_resource_group","name":"rg","provider_name":"registry.terraform.io/hashicorp/azurerm","change":{"actions":["create"],"before":null,"after":{"location":"westeurope","name":"cr2373-RG","tags":null,"timeouts":null},"after_unknown":{"id":true}}}],"configuration":{"provider_config":{"azurerm":{"name":"azurerm","expressions":{"features":[{}]}}},"root_module":{"resources":[{"address":"azurerm_data_lake_analytics_account.dla","mode":"managed","type":"azurerm_data_lake_analytics_account","name":"dla","provider_config_key":"azurerm","expressions":{"default_store_account_name":{"references":["azurerm_data_lake_store.dls"]},"location":{"references":["azurerm_resource_group.rg"]},"name":{"references":["local.resource_prefix"]},"resource_group_name":{"references":["azurerm_resource_group.rg"]}},"schema_version":0,"raw_data":{"FileName":"main.tf","StartLine":22,"EndLine":28}},{"address":"azurerm_data_lake_store.dls","mode":"managed","type":"azurerm_data_lake_store","name":"dls","provider_config_key":"azurerm","expressions":{"location":{"references":["azurerm_resource_group.rg"]},"name":{"references":["local.resource_prefix"]},"resource_group_name":{"references":["azurerm_resource_group.rg"]}},"schema_version":0,"raw_data":{"FileName":"main.tf","StartLine":15,"EndLine":20}},{"address":"azurerm_resource_group.rg","mode":"managed","type":"azurerm_resource_group","name":"rg","provider_config_key":"azurerm","expressions":{"location":{"constant_value":"West Europe"},"name":{"references":["local.resource_prefix"]}},"schema_version":0,"raw_data":{"FileName":"main.tf","StartLine":10,"EndLine":13}}]}}}
