{"format_version":"0.1","terraform_version":"0.13.4","planned_values":{"root_module":{"resources":[{"address":"aws_codebuild_report_group.non-encrypted","mode":"managed","type":"aws_codebuild_report_group","name":"non-encrypted","provider_name":"registry.terraform.io/hashicorp/aws","schema_version":0,"values":{"delete_reports":false,"export_config":[{"s3_destination":[{"bucket":"aws_s3_bucket.codebuild-report.id","encryption_disabled":false,"encryption_key":"aws_kms_key.codebuild.arn","packaging":"NONE","path":"/some"}],"type":"S3"}],"name":"codebuild-report-group-non-kms-cmk-encrypted","tags":null,"type":"TEST"}},{"address":"aws_kms_key.codebuild","mode":"managed","type":"aws_kms_key","name":"codebuild","provider_name":"registry.terraform.io/hashicorp/aws","schema_version":0,"values":{"customer_master_key_spec":"SYMMETRIC_DEFAULT","deletion_window_in_days":7,"description":"KMS key for Codebuild project","enable_key_rotation":false,"is_enabled":true,"key_usage":"ENCRYPT_DECRYPT","tags":null}},{"address":"aws_s3_bucket.codebuild-report","mode":"managed","type":"aws_s3_bucket","name":"codebuild-report","provider_name":"registry.terraform.io/hashicorp/aws","schema_version":0,"values":{"acl":"private","bucket":"codebuild-report-group-non-kms-cmk-encrypted","bucket_prefix":null,"cors_rule":[],"force_destroy":false,"grant":[],"lifecycle_rule":[],"logging":[],"object_lock_configuration":[],"policy":null,"replication_configuration":[],"server_side_encryption_configuration":[],"tags":null,"versioning":[],"website":[]}},{"address":"aws_s3_bucket_public_access_block.codebuild-report","mode":"managed","type":"aws_s3_bucket_public_access_block","name":"codebuild-report","provider_name":"registry.terraform.io/hashicorp/aws","schema_version":0,"values":{"block_public_acls":true,"block_public_policy":true,"bucket":"aws_s3_bucket.codebuild-report.id","ignore_public_acls":true,"restrict_public_buckets":true}}]}},"resource_changes":[{"address":"aws_codebuild_report_group.non-encrypted","mode":"managed","type":"aws_codebuild_report_group","name":"non-encrypted","provider_name":"registry.terraform.io/hashicorp/aws","change":{"actions":["create"],"before":null,"after":{"delete_reports":false,"export_config":[{"s3_destination":[{"bucket":"aws_s3_bucket.codebuild-report.id","encryption_disabled":false,"encryption_key":"aws_kms_key.codebuild.arn","packaging":"NONE","path":"/some"}],"type":"S3"}],"name":"codebuild-report-group-non-kms-cmk-encrypted","tags":null,"type":"TEST"},"after_unknown":{"arn":true,"created":true,"export_config":[{"s3_destination":[{}]}],"id":true,"tags_all":true}}},{"address":"aws_kms_key.codebuild","mode":"managed","type":"aws_kms_key","name":"codebuild","provider_name":"registry.terraform.io/hashicorp/aws","change":{"actions":["create"],"before":null,"after":{"customer_master_key_spec":"SYMMETRIC_DEFAULT","deletion_window_in_days":7,"description":"KMS key for Codebuild project","enable_key_rotation":false,"is_enabled":true,"key_usage":"ENCRYPT_DECRYPT","tags":null},"after_unknown":{"arn":true,"id":true,"key_id":true,"policy":true,"tags_all":true}}},{"address":"aws_s3_bucket.codebuild-report","mode":"managed","type":"aws_s3_bucket","name":"codebuild-report","provider_name":"registry.terraform.io/hashicorp/aws","change":{"actions":["create"],"before":null,"after":{"acl":"private","bucket":"codebuild-report-group-non-kms-cmk-encrypted","bucket_prefix":null,"cors_rule":[],"force_destroy":false,"grant":[],"lifecycle_rule":[],"logging":[],"object_lock_configuration":[],"policy":null,"replication_configuration":[],"server_side_encryption_configuration":[],"tags":null,"versioning":[],"website":[]},"after_unknown":{"acceleration_status":true,"arn":true,"bucket_domain_name":true,"bucket_regional_domain_name":true,"cors_rule":[],"grant":[],"hosted_zone_id":true,"id":true,"lifecycle_rule":[],"logging":[],"object_lock_configuration":[],"region":true,"replication_configuration":[],"request_payer":true,"server_side_encryption_configuration":[],"tags_all":true,"versioning":[],"website":[],"website_domain":true,"website_endpoint":true}}},{"address":"aws_s3_bucket_public_access_block.codebuild-report","mode":"managed","type":"aws_s3_bucket_public_access_block","name":"codebuild-report","provider_name":"registry.terraform.io/hashicorp/aws","change":{"actions":["create"],"before":null,"after":{"block_public_acls":true,"block_public_policy":true,"bucket":"aws_s3_bucket.codebuild-report.id","ignore_public_acls":true,"restrict_public_buckets":true},"after_unknown":{"id":true}}}],"prior_state":{"format_version":"0.1","terraform_version":"0.13.4","values":{"root_module":{"resources":[{"address":"data.aws_caller_identity.current","mode":"data","type":"aws_caller_identity","name":"current","provider_name":"registry.terraform.io/hashicorp/aws","schema_version":0,"values":{"account_id":"115553109071","arn":"arn:aws:sts::115553109071:assumed-role/AWSReservedSSO_admin_in_develop_fb314e4593b59bf2/imanuel.m@indeni.com","id":"115553109071","user_id":"AROARVZ4AQRHRH7ZLU5BZ:imanuel.m@indeni.com"}},{"address":"data.aws_region.current","mode":"data","type":"aws_region","name":"current","provider_name":"registry.terraform.io/hashicorp/aws","schema_version":0,"values":{"description":"US East (N. Virginia)","endpoint":"ec2.us-east-1.amazonaws.com","id":"us-east-1","name":"us-east-1"}}]}}},"configuration":{"provider_config":{"aws":{"name":"aws","expressions":{"region":{"constant_value":"us-east-1"}}}},"root_module":{"resources":[{"address":"aws_codebuild_report_group.non-encrypted","mode":"managed","type":"aws_codebuild_report_group","name":"non-encrypted","provider_config_key":"aws","expressions":{"export_config":[{"s3_destination":[{"bucket":{"references":["aws_s3_bucket.codebuild-report"]},"encryption_disabled":{"constant_value":false},"encryption_key":{"references":["aws_kms_key.codebuild"]},"packaging":{"constant_value":"NONE"},"path":{"constant_value":"/some"}}],"type":{"constant_value":"S3"}}],"name":{"constant_value":"codebuild-report-group-non-kms-cmk-encrypted"},"type":{"constant_value":"TEST"}},"schema_version":0,"raw_data":{"FileName":"main.tf","StartLine":24,"EndLine":39}},{"address":"aws_kms_key.codebuild","mode":"managed","type":"aws_kms_key","name":"codebuild","provider_config_key":"aws","expressions":{"deletion_window_in_days":{"constant_value":7},"description":{"constant_value":"KMS key for Codebuild project"}},"schema_version":0,"raw_data":{"FileName":"main.tf","StartLine":6,"EndLine":9}},{"address":"aws_s3_bucket.codebuild-report","mode":"managed","type":"aws_s3_bucket","name":"codebuild-report","provider_config_key":"aws","expressions":{"acl":{"constant_value":"private"},"bucket":{"constant_value":"codebuild-report-group-non-kms-cmk-encrypted"}},"schema_version":0,"raw_data":{"FileName":"main.tf","StartLine":11,"EndLine":14}},{"address":"aws_s3_bucket_public_access_block.codebuild-report","mode":"managed","type":"aws_s3_bucket_public_access_block","name":"codebuild-report","provider_config_key":"aws","expressions":{"block_public_acls":{"constant_value":true},"block_public_policy":{"constant_value":true},"bucket":{"references":["aws_s3_bucket.codebuild-report"]},"ignore_public_acls":{"constant_value":true},"restrict_public_buckets":{"constant_value":true}},"schema_version":0,"raw_data":{"FileName":"main.tf","StartLine":16,"EndLine":22}},{"address":"data.aws_caller_identity.current","mode":"data","type":"aws_caller_identity","name":"current","provider_config_key":"aws","schema_version":0,"raw_data":{"FileName":"main.tf","StartLine":2,"EndLine":2}},{"address":"data.aws_region.current","mode":"data","type":"aws_region","name":"current","provider_config_key":"aws","schema_version":0,"raw_data":{"FileName":"main.tf","StartLine":4,"EndLine":4}}]}}}
