{
  "format_version": "0.1",
  "terraform_version": "0.14.6",
  "planned_values": {
    "root_module": {
      "resources": [
        {
          "address": "azurerm_app_service_plan.svcplanconsumption",
          "mode": "managed",
          "type": "azurerm_app_service_plan",
          "name": "svcplanconsumption",
          "provider_name": "registry.terraform.io/hashicorp/azurerm",
          "schema_version": 0,
          "values": {
            "app_service_environment_id": null,
            "is_xenon": null,
            "kind": "Linux",
            "location": "westeurope",
            "name": "cr2152py39-service-plan",
            "per_site_scaling": null,
            "reserved": true,
            "resource_group_name": "cr2152py39-RG",
            "sku": [
              {
                "size": "Y1",
                "tier": "Dynamic"
              }
            ],
            "tags": null,
            "timeouts": null
          }
        },
        {
          "address": "azurerm_function_app.functionapp",
          "mode": "managed",
          "type": "azurerm_function_app",
          "name": "functionapp",
          "provider_name": "registry.terraform.io/hashicorp/azurerm",
          "schema_version": 0,
          "values": {
            "app_service_plan_id": "azurerm_app_service_plan.svcplanconsumption.id",
            "app_settings": {
              "FUNCTIONS_WORKER_RUNTIME": "python"
            },
            "client_cert_mode": null,
            "daily_memory_time_quota": null,
            "enable_builtin_logging": true,
            "enabled": true,
            "https_only": false,
            "location": "westeurope",
            "name": "cr2152py39-functionapp",
            "os_type": "linux",
            "resource_group_name": "cr2152py39-RG",
            "site_config": [
              {
                "always_on": false,
                "auto_swap_slot_name": null,
                "dotnet_framework_version": "v4.0",
                "health_check_path": null,
                "http2_enabled": false,
                "java_version": null,
                "linux_fx_version": "Python|3.9",
                "runtime_scale_monitoring_enabled": false,
                "scm_use_main_ip_restriction": false,
                "use_32_bit_worker_process": true,
                "websockets_enabled": false
              }
            ],
            "storage_account_access_key": "azurerm_storage_account.storacc.primary_access_key",
            "storage_account_name": "cr2152py39funapptstsa",
            "tags": null,
            "timeouts": null,
            "version": "~3"
          }
        },
        {
          "address": "azurerm_resource_group.rg",
          "mode": "managed",
          "type": "azurerm_resource_group",
          "name": "rg",
          "provider_name": "registry.terraform.io/hashicorp/azurerm",
          "schema_version": 0,
          "values": {
            "location": "westeurope",
            "name": "cr2152py39-RG",
            "tags": null,
            "timeouts": null
          }
        },
        {
          "address": "azurerm_storage_account.storacc",
          "mode": "managed",
          "type": "azurerm_storage_account",
          "name": "storacc",
          "provider_name": "registry.terraform.io/hashicorp/azurerm",
          "schema_version": 2,
          "values": {
            "account_kind": "StorageV2",
            "account_replication_type": "LRS",
            "account_tier": "Standard",
            "allow_blob_public_access": false,
            "azure_files_authentication": [],
            "custom_domain": [],
            "enable_https_traffic_only": true,
            "is_hns_enabled": false,
            "location": "westeurope",
            "min_tls_version": "TLS1_0",
            "name": "cr2152py39funapptstsa",
            "nfsv3_enabled": false,
            "resource_group_name": "cr2152py39-RG",
            "static_website": [],
            "tags": null,
            "timeouts": null
          }
        }
      ]
    }
  },
  "resource_changes": [
    {
      "address": "azurerm_app_service_plan.svcplanconsumption",
      "mode": "managed",
      "type": "azurerm_app_service_plan",
      "name": "svcplanconsumption",
      "provider_name": "registry.terraform.io/hashicorp/azurerm",
      "change": {
        "actions": [
          "create"
        ],
        "before": null,
        "after": {
          "app_service_environment_id": null,
          "is_xenon": null,
          "kind": "Linux",
          "location": "westeurope",
          "name": "cr2152py39-service-plan",
          "per_site_scaling": null,
          "reserved": true,
          "resource_group_name": "cr2152py39-RG",
          "sku": [
            {
              "size": "Y1",
              "tier": "Dynamic"
            }
          ],
          "tags": null,
          "timeouts": null
        },
        "after_unknown": {
          "id": true,
          "maximum_elastic_worker_count": true,
          "maximum_number_of_workers": true,
          "sku": [
            {
              "capacity": true
            }
          ]
        }
      }
    },
    {
      "address": "azurerm_function_app.functionapp",
      "mode": "managed",
      "type": "azurerm_function_app",
      "name": "functionapp",
      "provider_name": "registry.terraform.io/hashicorp/azurerm",
      "change": {
        "actions": [
          "create"
        ],
        "before": null,
        "after": {
          "app_service_plan_id": "azurerm_app_service_plan.svcplanconsumption.id",
          "app_settings": {
            "FUNCTIONS_WORKER_RUNTIME": "python"
          },
          "client_cert_mode": null,
          "daily_memory_time_quota": null,
          "enable_builtin_logging": true,
          "enabled": true,
          "https_only": false,
          "location": "westeurope",
          "name": "cr2152py39-functionapp",
          "os_type": "linux",
          "resource_group_name": "cr2152py39-RG",
          "site_config": [
            {
              "always_on": false,
              "auto_swap_slot_name": null,
              "dotnet_framework_version": "v4.0",
              "health_check_path": null,
              "http2_enabled": false,
              "java_version": null,
              "linux_fx_version": "Python|3.9",
              "runtime_scale_monitoring_enabled": false,
              "scm_use_main_ip_restriction": false,
              "use_32_bit_worker_process": true,
              "websockets_enabled": false
            }
          ],
          "storage_account_access_key": "azurerm_storage_account.storacc.primary_access_key",
          "storage_account_name": "cr2152py39funapptstsa",
          "tags": null,
          "timeouts": null,
          "version": "~3"
        },
        "after_unknown": {
          "app_settings": {},
          "auth_settings": true,
          "client_affinity_enabled": true,
          "connection_string": true,
          "custom_domain_verification_id": true,
          "default_hostname": true,
          "id": true,
          "identity": true,
          "kind": true,
          "outbound_ip_addresses": true,
          "possible_outbound_ip_addresses": true,
          "site_config": [
            {
              "app_scale_limit": true,
              "cors": true,
              "elastic_instance_minimum": true,
              "ftps_state": true,
              "ip_restriction": true,
              "min_tls_version": true,
              "pre_warmed_instance_count": true,
              "scm_ip_restriction": true,
              "scm_type": true
            }
          ],
          "site_credential": true,
          "source_control": true,
          "storage_connection_string": true
        }
      }
    },
    {
      "address": "azurerm_resource_group.rg",
      "mode": "managed",
      "type": "azurerm_resource_group",
      "name": "rg",
      "provider_name": "registry.terraform.io/hashicorp/azurerm",
      "change": {
        "actions": [
          "create"
        ],
        "before": null,
        "after": {
          "location": "westeurope",
          "name": "cr2152py39-RG",
          "tags": null,
          "timeouts": null
        },
        "after_unknown": {
          "id": true
        }
      }
    },
    {
      "address": "azurerm_storage_account.storacc",
      "mode": "managed",
      "type": "azurerm_storage_account",
      "name": "storacc",
      "provider_name": "registry.terraform.io/hashicorp/azurerm",
      "change": {
        "actions": [
          "create"
        ],
        "before": null,
        "after": {
          "account_kind": "StorageV2",
          "account_replication_type": "LRS",
          "account_tier": "Standard",
          "allow_blob_public_access": false,
          "azure_files_authentication": [],
          "custom_domain": [],
          "enable_https_traffic_only": true,
          "is_hns_enabled": false,
          "location": "westeurope",
          "min_tls_version": "TLS1_0",
          "name": "cr2152py39funapptstsa",
          "nfsv3_enabled": false,
          "resource_group_name": "cr2152py39-RG",
          "static_website": [],
          "tags": null,
          "timeouts": null
        },
        "after_unknown": {
          "access_tier": true,
          "azure_files_authentication": [],
          "blob_properties": true,
          "custom_domain": [],
          "id": true,
          "identity": true,
          "large_file_share_enabled": true,
          "network_rules": true,
          "primary_access_key": true,
          "primary_blob_connection_string": true,
          "primary_blob_endpoint": true,
          "primary_blob_host": true,
          "primary_connection_string": true,
          "primary_dfs_endpoint": true,
          "primary_dfs_host": true,
          "primary_file_endpoint": true,
          "primary_file_host": true,
          "primary_location": true,
          "primary_queue_endpoint": true,
          "primary_queue_host": true,
          "primary_table_endpoint": true,
          "primary_table_host": true,
          "primary_web_endpoint": true,
          "primary_web_host": true,
          "queue_properties": true,
          "routing": true,
          "secondary_access_key": true,
          "secondary_blob_connection_string": true,
          "secondary_blob_endpoint": true,
          "secondary_blob_host": true,
          "secondary_connection_string": true,
          "secondary_dfs_endpoint": true,
          "secondary_dfs_host": true,
          "secondary_file_endpoint": true,
          "secondary_file_host": true,
          "secondary_location": true,
          "secondary_queue_endpoint": true,
          "secondary_queue_host": true,
          "secondary_table_endpoint": true,
          "secondary_table_host": true,
          "secondary_web_endpoint": true,
          "secondary_web_host": true,
          "share_properties": true,
          "static_website": []
        }
      }
    }
  ],
  "configuration": {
    "provider_config": {
      "azurerm": {
        "name": "azurerm",
        "expressions": {
          "features": [
            {}
          ]
        }
      }
    },
    "root_module": {
      "resources": [
        {
          "address": "azurerm_app_service_plan.svcplanconsumption",
          "mode": "managed",
          "type": "azurerm_app_service_plan",
          "name": "svcplanconsumption",
          "provider_config_key": "azurerm",
          "expressions": {
            "kind": {
              "constant_value": "Linux"
            },
            "location": {
              "references": [
                "azurerm_resource_group.rg"
              ]
            },
            "name": {
              "references": [
                "local.resource_prefix"
              ]
            },
            "reserved": {
              "constant_value": true
            },
            "resource_group_name": {
              "references": [
                "azurerm_resource_group.rg"
              ]
            },
            "sku": [
              {
                "size": {
                  "constant_value": "Y1"
                },
                "tier": {
                  "constant_value": "Dynamic"
                }
              }
            ]
          },
          "schema_version": 0,
          "raw_data": {
            "FileName": "main.tf",
            "StartLine": 19,
            "EndLine": 31
          }
        },
        {
          "address": "azurerm_function_app.functionapp",
          "mode": "managed",
          "type": "azurerm_function_app",
          "name": "functionapp",
          "provider_config_key": "azurerm",
          "expressions": {
            "app_service_plan_id": {
              "references": [
                "azurerm_app_service_plan.svcplanconsumption"
              ]
            },
            "app_settings": {
              "constant_value": {
                "FUNCTIONS_WORKER_RUNTIME": "python"
              }
            },
            "location": {
              "references": [
                "azurerm_resource_group.rg"
              ]
            },
            "name": {
              "references": [
                "local.resource_prefix"
              ]
            },
            "os_type": {
              "constant_value": "linux"
            },
            "resource_group_name": {
              "references": [
                "azurerm_resource_group.rg"
              ]
            },
            "site_config": [
              {
                "linux_fx_version": {
                  "constant_value": "Python|3.9"
                }
              }
            ],
            "storage_account_access_key": {
              "references": [
                "azurerm_storage_account.storacc"
              ]
            },
            "storage_account_name": {
              "references": [
                "azurerm_storage_account.storacc"
              ]
            },
            "version": {
              "constant_value": "~3"
            }
          },
          "schema_version": 0,
          "raw_data": {
            "FileName": "main.tf",
            "StartLine": 33,
            "EndLine": 50
          }
        },
        {
          "address": "azurerm_resource_group.rg",
          "mode": "managed",
          "type": "azurerm_resource_group",
          "name": "rg",
          "provider_config_key": "azurerm",
          "expressions": {
            "location": {
              "constant_value": "West Europe"
            },
            "name": {
              "references": [
                "local.resource_prefix"
              ]
            }
          },
          "schema_version": 0,
          "raw_data": {
            "FileName": "main.tf",
            "StartLine": 6,
            "EndLine": 9
          }
        },
        {
          "address": "azurerm_storage_account.storacc",
          "mode": "managed",
          "type": "azurerm_storage_account",
          "name": "storacc",
          "provider_config_key": "azurerm",
          "expressions": {
            "account_replication_type": {
              "constant_value": "LRS"
            },
            "account_tier": {
              "constant_value": "Standard"
            },
            "location": {
              "references": [
                "azurerm_resource_group.rg"
              ]
            },
            "name": {
              "references": [
                "local.resource_prefix"
              ]
            },
            "resource_group_name": {
              "references": [
                "azurerm_resource_group.rg"
              ]
            }
          },
          "schema_version": 2,
          "raw_data": {
            "FileName": "main.tf",
            "StartLine": 11,
            "EndLine": 17
          }
        }
      ]
    }
  }
}
