{"format_version":"0.1","terraform_version":"0.13.4","planned_values":{"root_module":{"resources":[{"address":"aws_iam_role.ec2-role","mode":"managed","type":"aws_iam_role","name":"ec2-role","provider_name":"registry.terraform.io/hashicorp/aws","schema_version":0,"values":{"assume_role_policy":"    {\n      \"Version\": \"2012-10-17\",\n      \"Statement\": [\n        {\n          \"Action\": \"sts:AssumeRole\",\n          \"Principal\": {\n            \"Service\": \"ec2.amazonaws.com\"\n          },\n          \"Effect\": \"Allow\",\n          \"Sid\": \"\"\n        }\n      ]\n    }\n","description":null,"force_detach_policies":false,"inline_policy":[{"name":"ec2-describe-policy","policy":"{\n  \"Version\": \"2012-10-17\",\n  \"Statement\": [\n    {\n      \"Action\": [\n        \"*\"\n      ],\n      \"Effect\": \"Allow\",\n      \"Resource\": \"*\"\n    }\n  ]\n}\n"}],"max_session_duration":3600,"name":"ec2-role","name_prefix":null,"path":"/","permissions_boundary":null,"tags":null}}]}},"resource_changes":[{"address":"aws_iam_role.ec2-role","mode":"managed","type":"aws_iam_role","name":"ec2-role","provider_name":"registry.terraform.io/hashicorp/aws","change":{"actions":["create"],"before":null,"after":{"assume_role_policy":"    {\n      \"Version\": \"2012-10-17\",\n      \"Statement\": [\n        {\n          \"Action\": \"sts:AssumeRole\",\n          \"Principal\": {\n            \"Service\": \"ec2.amazonaws.com\"\n          },\n          \"Effect\": \"Allow\",\n          \"Sid\": \"\"\n        }\n      ]\n    }\n","description":null,"force_detach_policies":false,"inline_policy":[{"name":"ec2-describe-policy","policy":"{\n  \"Version\": \"2012-10-17\",\n  \"Statement\": [\n    {\n      \"Action\": [\n        \"*\"\n      ],\n      \"Effect\": \"Allow\",\n      \"Resource\": \"*\"\n    }\n  ]\n}\n"}],"max_session_duration":3600,"name":"ec2-role","name_prefix":null,"path":"/","permissions_boundary":null,"tags":null},"after_unknown":{"arn":true,"create_date":true,"id":true,"inline_policy":[{}],"managed_policy_arns":true,"tags_all":true,"unique_id":true}}}],"configuration":{"provider_config":{"aws":{"name":"aws","expressions":{"region":{"constant_value":"us-east-1"}}}},"root_module":{"resources":[{"address":"aws_iam_role.ec2-role","mode":"managed","type":"aws_iam_role","name":"ec2-role","provider_config_key":"aws","expressions":{"assume_role_policy":{"constant_value":"    {\n      \"Version\": \"2012-10-17\",\n      \"Statement\": [\n        {\n          \"Action\": \"sts:AssumeRole\",\n          \"Principal\": {\n            \"Service\": \"ec2.amazonaws.com\"\n          },\n          \"Effect\": \"Allow\",\n          \"Sid\": \"\"\n        }\n      ]\n    }\n"},"inline_policy":[{"name":{"constant_value":"ec2-describe-policy"},"policy":{"constant_value":"{\n  \"Version\": \"2012-10-17\",\n  \"Statement\": [\n    {\n      \"Action\": [\n        \"*\"\n      ],\n      \"Effect\": \"Allow\",\n      \"Resource\": \"*\"\n    }\n  ]\n}\n"}}],"name":{"constant_value":"ec2-role"}},"schema_version":0,"raw_data":{"FileName":"main.tf","StartLine":4,"EndLine":38}}]}}}
