{"format_version":"0.1","terraform_version":"0.12.29","planned_values":{"root_module":{"child_modules":[{"resources":[{"address":"module.test_module.aws_secretsmanager_secret.secure_policy","mode":"managed","type":"aws_secretsmanager_secret","name":"secure_policy","provider_name":"aws","schema_version":0,"values":{"description":null,"kms_key_id":null,"name":"secure_secret_1","policy":"{\n  \"Version\": \"2012-10-17\",\n  \"Statement\": [\n    {\n      \"Sid\": \"EnableAllPermissions\",\n      \"Effect\": \"Allow\",\n      \"Principal\": {\n        \"AWS\": \"*\"\n      },\n      \"Action\": [\n        \"secretsmanager:GetSecretValue\",\n        \"secretsmanager:ListSecrets\"\n        ],\n      \"Resource\": \"*\"\n    }\n  ]\n}\n","recovery_window_in_days":30,"tags":null}}],"address":"module.test_module"}]}},"resource_changes":[{"address":"module.test_module.aws_secretsmanager_secret.secure_policy","module_address":"module.test_module","mode":"managed","type":"aws_secretsmanager_secret","name":"secure_policy","provider_name":"aws","change":{"actions":["create"],"before":null,"after":{"description":null,"kms_key_id":null,"name":"secure_secret_1","policy":"{\n  \"Version\": \"2012-10-17\",\n  \"Statement\": [\n    {\n      \"Sid\": \"EnableAllPermissions\",\n      \"Effect\": \"Allow\",\n      \"Principal\": {\n        \"AWS\": \"*\"\n      },\n      \"Action\": [\n        \"secretsmanager:GetSecretValue\",\n        \"secretsmanager:ListSecrets\"\n        ],\n      \"Resource\": \"*\"\n    }\n  ]\n}\n","recovery_window_in_days":30,"tags":null},"after_unknown":{"arn":true,"id":true,"name_prefix":true,"rotation_enabled":true,"rotation_lambda_arn":true,"rotation_rules":true}}}],"configuration":{"provider_config":{"aws":{"name":"aws","version_constraint":"2.70.0","expressions":{"region":{"constant_value":"us-east-1"}}},"test_module:aws":{"name":"aws","module_address":"test_module","expressions":{"region":{"constant_value":"us-east-1"}}}},"root_module":{"module_calls":{"test_module":{"source":"./secrets_manager/secure_policy","module":{"resources":[{"address":"aws_secretsmanager_secret.secure_policy","mode":"managed","type":"aws_secretsmanager_secret","name":"secure_policy","provider_config_key":"test_module:aws","expressions":{"name":{"constant_value":"secure_secret_1"},"policy":{"constant_value":"{\n  \"Version\": \"2012-10-17\",\n  \"Statement\": [\n    {\n      \"Sid\": \"EnableAllPermissions\",\n      \"Effect\": \"Allow\",\n      \"Principal\": {\n        \"AWS\": \"*\"\n      },\n      \"Action\": [\n        \"secretsmanager:GetSecretValue\",\n        \"secretsmanager:ListSecrets\"\n        ],\n      \"Resource\": \"*\"\n    }\n  ]\n}\n"}},"schema_version":0,"raw_data":{"FileName":"secrets_manager/secure_policy/main.tf","StartLine":5,"EndLine":26}}]},"raw_data":{"FileName":"main.tf","StartLine":7,"EndLine":9}}}}}}
