{"format_version":"0.1","terraform_version":"0.12.29","planned_values":{"root_module":{"resources":[{"address":"aws_directory_service_directory.test","mode":"managed","type":"aws_directory_service_directory","name":"test","provider_name":"aws","schema_version":0,"values":{"connect_settings":[],"description":null,"enable_sso":false,"name":"corp.notexample.com","password":"SuperSecretPassw0rd","size":"Small","tags":null,"type":"SimpleAD","vpc_settings":[{"subnet_ids":["subnet-373a446d","subnet-815f53c9"],"vpc_id":"vpc-f740808e"}]}},{"address":"aws_iam_role.workspaces_default","mode":"managed","type":"aws_iam_role","name":"workspaces_default","provider_name":"aws","schema_version":0,"values":{"assume_role_policy":"{\n  \"Version\": \"2012-10-17\",\n  \"Statement\": [\n    {\n      \"Sid\": \"\",\n      \"Effect\": \"Allow\",\n      \"Action\": \"sts:AssumeRole\",\n      \"Principal\": {\n        \"Service\": \"workspaces.amazonaws.com\"\n      }\n    }\n  ]\n}","description":null,"force_detach_policies":false,"max_session_duration":3600,"name":"workspaces_DefaultRole","name_prefix":null,"path":"/","permissions_boundary":null,"tags":null}},{"address":"aws_iam_role_policy_attachment.workspaces_default_self_service_access","mode":"managed","type":"aws_iam_role_policy_attachment","name":"workspaces_default_self_service_access","provider_name":"aws","schema_version":0,"values":{"policy_arn":"arn:aws:iam::aws:policy/AmazonWorkSpacesSelfServiceAccess","role":"workspaces_DefaultRole"}},{"address":"aws_iam_role_policy_attachment.workspaces_default_service_access","mode":"managed","type":"aws_iam_role_policy_attachment","name":"workspaces_default_service_access","provider_name":"aws","schema_version":0,"values":{"policy_arn":"arn:aws:iam::aws:policy/AmazonWorkSpacesServiceAccess","role":"workspaces_DefaultRole"}},{"address":"aws_workspaces_directory.test","mode":"managed","type":"aws_workspaces_directory","name":"test","provider_name":"aws","schema_version":0,"values":{"subnet_ids":["subnet-373a446d","subnet-815f53c9"],"tags":null}},{"address":"aws_workspaces_workspace.test","mode":"managed","type":"aws_workspaces_workspace","name":"test","provider_name":"aws","schema_version":0,"values":{"bundle_id":"wsb-bh8rsxt14","root_volume_encryption_enabled":false,"tags":null,"timeouts":null,"user_name":"Administrator","user_volume_encryption_enabled":true,"volume_encryption_key":"alias/aws/workspaces","workspace_properties":[{"compute_type_name":"VALUE","root_volume_size_gib":80,"running_mode":"AUTO_STOP","running_mode_auto_stop_timeout_in_minutes":60,"user_volume_size_gib":10}]}}]}},"resource_changes":[{"address":"aws_directory_service_directory.test","mode":"managed","type":"aws_directory_service_directory","name":"test","provider_name":"aws","change":{"actions":["create"],"before":null,"after":{"connect_settings":[],"description":null,"enable_sso":false,"name":"corp.notexample.com","password":"SuperSecretPassw0rd","size":"Small","tags":null,"type":"SimpleAD","vpc_settings":[{"subnet_ids":["subnet-373a446d","subnet-815f53c9"],"vpc_id":"vpc-f740808e"}]},"after_unknown":{"access_url":true,"alias":true,"connect_settings":[],"dns_ip_addresses":true,"edition":true,"id":true,"security_group_id":true,"short_name":true,"vpc_settings":[{"availability_zones":true,"subnet_ids":[false,false]}]}}},{"address":"aws_iam_role.workspaces_default","mode":"managed","type":"aws_iam_role","name":"workspaces_default","provider_name":"aws","change":{"actions":["create"],"before":null,"after":{"assume_role_policy":"{\n  \"Version\": \"2012-10-17\",\n  \"Statement\": [\n    {\n      \"Sid\": \"\",\n      \"Effect\": \"Allow\",\n      \"Action\": \"sts:AssumeRole\",\n      \"Principal\": {\n        \"Service\": \"workspaces.amazonaws.com\"\n      }\n    }\n  ]\n}","description":null,"force_detach_policies":false,"max_session_duration":3600,"name":"workspaces_DefaultRole","name_prefix":null,"path":"/","permissions_boundary":null,"tags":null},"after_unknown":{"arn":true,"create_date":true,"id":true,"unique_id":true}}},{"address":"aws_iam_role_policy_attachment.workspaces_default_self_service_access","mode":"managed","type":"aws_iam_role_policy_attachment","name":"workspaces_default_self_service_access","provider_name":"aws","change":{"actions":["create"],"before":null,"after":{"policy_arn":"arn:aws:iam::aws:policy/AmazonWorkSpacesSelfServiceAccess","role":"workspaces_DefaultRole"},"after_unknown":{"id":true}}},{"address":"aws_iam_role_policy_attachment.workspaces_default_service_access","mode":"managed","type":"aws_iam_role_policy_attachment","name":"workspaces_default_service_access","provider_name":"aws","change":{"actions":["create"],"before":null,"after":{"policy_arn":"arn:aws:iam::aws:policy/AmazonWorkSpacesServiceAccess","role":"workspaces_DefaultRole"},"after_unknown":{"id":true}}},{"address":"aws_workspaces_directory.test","mode":"managed","type":"aws_workspaces_directory","name":"test","provider_name":"aws","change":{"actions":["create"],"before":null,"after":{"subnet_ids":["subnet-373a446d","subnet-815f53c9"],"tags":null},"after_unknown":{"alias":true,"customer_user_name":true,"directory_id":true,"directory_name":true,"directory_type":true,"dns_ip_addresses":true,"iam_role_id":true,"id":true,"ip_group_ids":true,"registration_code":true,"self_service_permissions":true,"subnet_ids":[false,false],"workspace_access_properties":true,"workspace_creation_properties":true,"workspace_security_group_id":true}}},{"address":"aws_workspaces_workspace.test","mode":"managed","type":"aws_workspaces_workspace","name":"test","provider_name":"aws","change":{"actions":["create"],"before":null,"after":{"bundle_id":"wsb-bh8rsxt14","root_volume_encryption_enabled":false,"tags":null,"timeouts":null,"user_name":"Administrator","user_volume_encryption_enabled":true,"volume_encryption_key":"alias/aws/workspaces","workspace_properties":[{"compute_type_name":"VALUE","root_volume_size_gib":80,"running_mode":"AUTO_STOP","running_mode_auto_stop_timeout_in_minutes":60,"user_volume_size_gib":10}]},"after_unknown":{"computer_name":true,"directory_id":true,"id":true,"ip_address":true,"state":true,"workspace_properties":[{}]}}}],"prior_state":{"format_version":"0.1","terraform_version":"0.12.29","values":{"root_module":{"resources":[{"address":"data.aws_iam_policy_document.workspaces","mode":"data","type":"aws_iam_policy_document","name":"workspaces","provider_name":"aws","schema_version":0,"values":{"id":"1504303996","json":"{\n  \"Version\": \"2012-10-17\",\n  \"Statement\": [\n    {\n      \"Sid\": \"\",\n      \"Effect\": \"Allow\",\n      \"Action\": \"sts:AssumeRole\",\n      \"Principal\": {\n        \"Service\": \"workspaces.amazonaws.com\"\n      }\n    }\n  ]\n}","override_json":null,"policy_id":null,"source_json":null,"statement":[{"actions":["sts:AssumeRole"],"condition":[],"effect":"Allow","not_actions":[],"not_principals":[],"not_resources":[],"principals":[{"identifiers":["workspaces.amazonaws.com"],"type":"Service"}],"resources":[],"sid":""}],"version":"2012-10-17"}},{"address":"data.aws_subnet_ids.default","mode":"data","type":"aws_subnet_ids","name":"default","provider_name":"aws","schema_version":0,"values":{"filter":null,"id":"vpc-f740808e","ids":["subnet-373a446d","subnet-815f53c9","subnet-d2122fb4"],"tags":null,"vpc_id":"vpc-f740808e"}},{"address":"data.aws_vpc.default","mode":"data","type":"aws_vpc","name":"default","provider_name":"aws","schema_version":0,"values":{"arn":"arn:aws:ec2:eu-west-1:115553109071:vpc/vpc-f740808e","cidr_block":"172.31.0.0/16","cidr_block_associations":[{"association_id":"vpc-cidr-assoc-273bd34d","cidr_block":"172.31.0.0/16","state":"associated"}],"default":true,"dhcp_options_id":"dopt-3e6f5d58","enable_dns_hostnames":true,"enable_dns_support":true,"filter":null,"id":"vpc-f740808e","instance_tenancy":"default","ipv6_association_id":null,"ipv6_cidr_block":null,"main_route_table_id":"rtb-0bfd1773","owner_id":"115553109071","state":"available","tags":{}}},{"address":"data.aws_workspaces_bundle.value_windows_10","mode":"data","type":"aws_workspaces_bundle","name":"value_windows_10","provider_name":"aws","schema_version":0,"values":{"bundle_id":"wsb-bh8rsxt14","compute_type":[{"name":"VALUE"}],"description":"Windows 10 Experience provided by Windows Server 2016 with PCoIP 1 vCPU 2GiB Memory 10GB Storage","id":"wsb-bh8rsxt14","name":"Value with Windows 10","owner":"Amazon","root_storage":[{"capacity":"80"}],"user_storage":[{"capacity":"10"}]}}]}}},"configuration":{"provider_config":{"aws":{"name":"aws","expressions":{"region":{"constant_value":"eu-west-1"}}}},"root_module":{"resources":[{"address":"aws_directory_service_directory.test","mode":"managed","type":"aws_directory_service_directory","name":"test","provider_config_key":"aws","expressions":{"name":{"constant_value":"corp.notexample.com"},"password":{"constant_value":"SuperSecretPassw0rd"},"size":{"constant_value":"Small"},"vpc_settings":[{"subnet_ids":{"references":["local.default_subnet_list","local.default_subnet_list"]},"vpc_id":{"references":["data.aws_vpc.default"]}}]},"schema_version":0},{"address":"aws_iam_role.workspaces_default","mode":"managed","type":"aws_iam_role","name":"workspaces_default","provider_config_key":"aws","expressions":{"assume_role_policy":{"references":["data.aws_iam_policy_document.workspaces"]},"name":{"constant_value":"workspaces_DefaultRole"}},"schema_version":0},{"address":"aws_iam_role_policy_attachment.workspaces_default_self_service_access","mode":"managed","type":"aws_iam_role_policy_attachment","name":"workspaces_default_self_service_access","provider_config_key":"aws","expressions":{"policy_arn":{"constant_value":"arn:aws:iam::aws:policy/AmazonWorkSpacesSelfServiceAccess"},"role":{"references":["aws_iam_role.workspaces_default"]}},"schema_version":0},{"address":"aws_iam_role_policy_attachment.workspaces_default_service_access","mode":"managed","type":"aws_iam_role_policy_attachment","name":"workspaces_default_service_access","provider_config_key":"aws","expressions":{"policy_arn":{"constant_value":"arn:aws:iam::aws:policy/AmazonWorkSpacesServiceAccess"},"role":{"references":["aws_iam_role.workspaces_default"]}},"schema_version":0},{"address":"aws_workspaces_directory.test","mode":"managed","type":"aws_workspaces_directory","name":"test","provider_config_key":"aws","expressions":{"directory_id":{"references":["aws_directory_service_directory.test"]},"subnet_ids":{"references":["local.default_subnet_list","local.default_subnet_list"]}},"schema_version":0,"depends_on":["aws_iam_role_policy_attachment.workspaces_default_service_access","aws_iam_role_policy_attachment.workspaces_default_self_service_access"]},{"address":"aws_workspaces_workspace.test","mode":"managed","type":"aws_workspaces_workspace","name":"test","provider_config_key":"aws","expressions":{"bundle_id":{"references":["data.aws_workspaces_bundle.value_windows_10"]},"directory_id":{"references":["aws_workspaces_directory.test"]},"user_name":{"constant_value":"Administrator"},"user_volume_encryption_enabled":{"constant_value":true},"volume_encryption_key":{"constant_value":"alias/aws/workspaces"},"workspace_properties":[{"compute_type_name":{"constant_value":"VALUE"},"root_volume_size_gib":{"constant_value":80},"running_mode":{"constant_value":"AUTO_STOP"},"running_mode_auto_stop_timeout_in_minutes":{"constant_value":60},"user_volume_size_gib":{"constant_value":10}}]},"schema_version":0},{"address":"data.aws_iam_policy_document.workspaces","mode":"data","type":"aws_iam_policy_document","name":"workspaces","provider_config_key":"aws","expressions":{"statement":[{"actions":{"constant_value":["sts:AssumeRole"]},"principals":[{"identifiers":{"constant_value":["workspaces.amazonaws.com"]},"type":{"constant_value":"Service"}}]}]},"schema_version":0},{"address":"data.aws_subnet_ids.default","mode":"data","type":"aws_subnet_ids","name":"default","provider_config_key":"aws","expressions":{"vpc_id":{"references":["data.aws_vpc.default"]}},"schema_version":0},{"address":"data.aws_vpc.default","mode":"data","type":"aws_vpc","name":"default","provider_config_key":"aws","expressions":{"default":{"constant_value":true}},"schema_version":0},{"address":"data.aws_workspaces_bundle.value_windows_10","mode":"data","type":"aws_workspaces_bundle","name":"value_windows_10","provider_config_key":"aws","expressions":{"bundle_id":{"constant_value":"wsb-bh8rsxt14"}},"schema_version":0}]}}}
