{
  "version": 4,
  "terraform_version": "0.15.4",
  "serial": 856,
  "lineage": "17d42b56-6ea0-ca6f-1292-70c99f478f58",
  "outputs": {},
  "resources": [
    {
      "mode": "managed",
      "type": "aws_elasticsearch_domain",
      "name": "test_cluster",
      "provider": "provider[\"registry.terraform.io/hashicorp/aws\"]",
      "instances": [
        {
          "schema_version": 0,
          "attributes": {
            "access_policies": null,
            "advanced_options": {
              "rest.action.multi.allow_explicit_index": "true"
            },
            "advanced_security_options": [
              {
                "enabled": false,
                "internal_user_database_enabled": false,
                "master_user_options": []
              }
            ],
            "arn": "arn:aws:es:us-east-1:115553109071:domain/es-test",
            "cluster_config": [
              {
                "dedicated_master_count": 0,
                "dedicated_master_enabled": false,
                "dedicated_master_type": "",
                "instance_count": 2,
                "instance_type": "t2.small.elasticsearch",
                "warm_count": 0,
                "warm_enabled": false,
                "warm_type": "",
                "zone_awareness_config": [
                  {
                    "availability_zone_count": 2
                  }
                ],
                "zone_awareness_enabled": true
              }
            ],
            "cognito_options": [
              {
                "enabled": false,
                "identity_pool_id": "",
                "role_arn": "",
                "user_pool_id": ""
              }
            ],
            "domain_endpoint_options": [
              {
                "custom_endpoint": "",
                "custom_endpoint_certificate_arn": "",
                "custom_endpoint_enabled": false,
                "enforce_https": false,
                "tls_security_policy": "Policy-Min-TLS-1-0-2019-07"
              }
            ],
            "domain_id": "115553109071/es-test",
            "domain_name": "es-test",
            "ebs_options": [
              {
                "ebs_enabled": true,
                "iops": 0,
                "volume_size": 10,
                "volume_type": "gp2"
              }
            ],
            "elasticsearch_version": "1.5",
            "encrypt_at_rest": [
              {
                "enabled": false,
                "kms_key_id": ""
              }
            ],
            "endpoint": "vpc-es-test-7kpcepyikw4hpw3qh2pbsizftq.us-east-1.es.amazonaws.com",
            "id": "arn:aws:es:us-east-1:115553109071:domain/es-test",
            "kibana_endpoint": "vpc-es-test-7kpcepyikw4hpw3qh2pbsizftq.us-east-1.es.amazonaws.com/_plugin/kibana/",
            "log_publishing_options": [],
            "node_to_node_encryption": [
              {
                "enabled": false
              }
            ],
            "snapshot_options": [
              {
                "automated_snapshot_start_hour": 0
              }
            ],
            "tags": null,
            "tags_all": {},
            "timeouts": null,
            "vpc_options": [
              {
                "availability_zones": [
                  "us-east-1a",
                  "us-east-1b"
                ],
                "security_group_ids": [
                  "sg-08195031ddd38a9fe"
                ],
                "subnet_ids": [
                  "subnet-0246b4b93c8308910",
                  "subnet-0a2d4ecf8228e2c82"
                ],
                "vpc_id": "vpc-091d8c90a8ba978c9"
              }
            ]
          },
          "sensitive_attributes": [],
          "private": "eyJlMmJmYjczMC1lY2FhLTExZTYtOGY4OC0zNDM2M2JjN2M0YzAiOnsidXBkYXRlIjozNjAwMDAwMDAwMDAwfX0=",
          "dependencies": [
            "aws_security_group.nondefault",
            "aws_subnet.nondefault_1",
            "aws_subnet.nondefault_2",
            "aws_vpc.nondefault"
          ]
        }
      ]
    },
    {
      "mode": "managed",
      "type": "aws_iam_role",
      "name": "firehose_role",
      "provider": "provider[\"registry.terraform.io/hashicorp/aws\"]",
      "instances": [
        {
          "schema_version": 0,
          "attributes": {
            "arn": "arn:aws:iam::115553109071:role/firehose_test_role",
            "assume_role_policy": "{\"Version\":\"2012-10-17\",\"Statement\":[{\"Sid\":\"\",\"Effect\":\"Allow\",\"Principal\":{\"Service\":\"firehose.amazonaws.com\"},\"Action\":\"sts:AssumeRole\"}]}",
            "create_date": "2021-06-20T11:56:31Z",
            "description": "",
            "force_detach_policies": false,
            "id": "firehose_test_role",
            "inline_policy": [
              {
                "name": "",
                "policy": ""
              }
            ],
            "managed_policy_arns": [],
            "max_session_duration": 3600,
            "name": "firehose_test_role",
            "name_prefix": null,
            "path": "/",
            "permissions_boundary": null,
            "tags": null,
            "tags_all": {},
            "unique_id": "AROARVZ4AQRHW4THI3Y54"
          },
          "sensitive_attributes": [],
          "private": "bnVsbA=="
        }
      ]
    },
    {
      "mode": "managed",
      "type": "aws_iam_role_policy",
      "name": "firehose-elasticsearch",
      "provider": "provider[\"registry.terraform.io/hashicorp/aws\"]",
      "instances": [
        {
          "schema_version": 0,
          "attributes": {
            "id": "firehose_test_role:elasticsearch",
            "name": "elasticsearch",
            "name_prefix": null,
            "policy": "{\n  \"Version\": \"2012-10-17\",\n  \"Statement\": [\n    {\n      \"Effect\": \"Allow\",\n      \"Action\": [\n        \"es:*\"\n      ],\n      \"Resource\": [\n        \"arn:aws:es:us-east-1:115553109071:domain/es-test\",\n        \"arn:aws:es:us-east-1:115553109071:domain/es-test/*\"\n      ]\n        },\n        {\n          \"Effect\": \"Allow\",\n          \"Action\": [\n            \"ec2:DescribeVpcs\",\n            \"ec2:DescribeVpcAttribute\",\n            \"ec2:DescribeSubnets\",\n            \"ec2:DescribeSecurityGroups\",\n            \"ec2:DescribeNetworkInterfaces\",\n            \"ec2:CreateNetworkInterface\",\n            \"ec2:CreateNetworkInterfacePermission\",\n            \"ec2:DeleteNetworkInterface\"\n          ],\n          \"Resource\": [\n            \"*\"\n          ]\n        }\n  ]\n}\n",
            "role": "firehose_test_role"
          },
          "sensitive_attributes": [],
          "private": "bnVsbA==",
          "dependencies": [
            "aws_elasticsearch_domain.test_cluster",
            "aws_iam_role.firehose_role",
            "aws_security_group.nondefault",
            "aws_subnet.nondefault_1",
            "aws_subnet.nondefault_2",
            "aws_vpc.nondefault"
          ]
        }
      ]
    },
    {
      "mode": "managed",
      "type": "aws_internet_gateway",
      "name": "gw",
      "provider": "provider[\"registry.terraform.io/hashicorp/aws\"]",
      "instances": [
        {
          "schema_version": 0,
          "attributes": {
            "arn": "arn:aws:ec2:us-east-1:115553109071:internet-gateway/igw-0eabbbf762d14664c",
            "id": "igw-0eabbbf762d14664c",
            "owner_id": "115553109071",
            "tags": {
              "Name": "main"
            },
            "tags_all": {
              "Name": "main"
            },
            "vpc_id": "vpc-091d8c90a8ba978c9"
          },
          "sensitive_attributes": [],
          "private": "bnVsbA==",
          "dependencies": [
            "aws_vpc.nondefault"
          ]
        }
      ]
    },
    {
      "mode": "managed",
      "type": "aws_kinesis_firehose_delivery_stream",
      "name": "test",
      "provider": "provider[\"registry.terraform.io/hashicorp/aws\"]",
      "instances": [
        {
          "schema_version": 1,
          "attributes": {
            "arn": "arn:aws:firehose:us-east-1:115553109071:deliverystream/terraform-kinesis-firehose-es",
            "destination": "elasticsearch",
            "destination_id": "destinationId-000000000001",
            "elasticsearch_configuration": [
              {
                "buffering_interval": 300,
                "buffering_size": 5,
                "cloudwatch_logging_options": [
                  {
                    "enabled": false,
                    "log_group_name": "",
                    "log_stream_name": ""
                  }
                ],
                "cluster_endpoint": "",
                "domain_arn": "arn:aws:es:us-east-1:115553109071:domain/es-test",
                "index_name": "test",
                "index_rotation_period": "OneDay",
                "processing_configuration": [
                  {
                    "enabled": false,
                    "processors": []
                  }
                ],
                "retry_duration": 300,
                "role_arn": "arn:aws:iam::115553109071:role/firehose_test_role",
                "s3_backup_mode": "FailedDocumentsOnly",
                "type_name": "test",
                "vpc_config": [
                  {
                    "role_arn": "arn:aws:iam::115553109071:role/firehose_test_role",
                    "security_group_ids": [
                      "sg-08195031ddd38a9fe"
                    ],
                    "subnet_ids": [
                      "subnet-0246b4b93c8308910",
                      "subnet-0a2d4ecf8228e2c82"
                    ],
                    "vpc_id": "vpc-091d8c90a8ba978c9"
                  }
                ]
              }
            ],
            "extended_s3_configuration": [],
            "http_endpoint_configuration": [],
            "id": "arn:aws:firehose:us-east-1:115553109071:deliverystream/terraform-kinesis-firehose-es",
            "kinesis_source_configuration": [],
            "name": "terraform-kinesis-firehose-es",
            "redshift_configuration": [],
            "s3_configuration": [
              {
                "bucket_arn": "arn:aws:s3:::cloudrail-firehose-testing-bucket",
                "buffer_interval": 300,
                "buffer_size": 5,
                "cloudwatch_logging_options": [
                  {
                    "enabled": false,
                    "log_group_name": "",
                    "log_stream_name": ""
                  }
                ],
                "compression_format": "UNCOMPRESSED",
                "kms_key_arn": "",
                "prefix": "",
                "role_arn": "arn:aws:iam::115553109071:role/firehose_test_role"
              }
            ],
            "server_side_encryption": [
              {
                "enabled": false,
                "key_arn": "",
                "key_type": "AWS_OWNED_CMK"
              }
            ],
            "splunk_configuration": [],
            "tags": null,
            "tags_all": {},
            "version_id": "1"
          },
          "sensitive_attributes": [],
          "private": "eyJzY2hlbWFfdmVyc2lvbiI6IjEifQ==",
          "dependencies": [
            "aws_elasticsearch_domain.test_cluster",
            "aws_iam_role.firehose_role",
            "aws_iam_role_policy.firehose-elasticsearch",
            "aws_s3_bucket.bucket",
            "aws_security_group.nondefault",
            "aws_subnet.nondefault_1",
            "aws_subnet.nondefault_2",
            "aws_vpc.nondefault"
          ]
        }
      ]
    },
    {
      "mode": "managed",
      "type": "aws_route_table",
      "name": "public-rtb",
      "provider": "provider[\"registry.terraform.io/hashicorp/aws\"]",
      "instances": [
        {
          "schema_version": 0,
          "attributes": {
            "arn": "arn:aws:ec2:us-east-1:115553109071:route-table/rtb-0146991f86a550220",
            "id": "rtb-0146991f86a550220",
            "owner_id": "115553109071",
            "propagating_vgws": [],
            "route": [
              {
                "carrier_gateway_id": "",
                "cidr_block": "0.0.0.0/0",
                "destination_prefix_list_id": "",
                "egress_only_gateway_id": "",
                "gateway_id": "igw-0eabbbf762d14664c",
                "instance_id": "",
                "ipv6_cidr_block": "",
                "local_gateway_id": "",
                "nat_gateway_id": "",
                "network_interface_id": "",
                "transit_gateway_id": "",
                "vpc_endpoint_id": "",
                "vpc_peering_connection_id": ""
              }
            ],
            "tags": {
              "Name": "public-rtb"
            },
            "tags_all": {
              "Name": "public-rtb"
            },
            "vpc_id": "vpc-091d8c90a8ba978c9"
          },
          "sensitive_attributes": [],
          "private": "bnVsbA==",
          "dependencies": [
            "aws_internet_gateway.gw",
            "aws_vpc.nondefault"
          ]
        }
      ]
    },
    {
      "mode": "managed",
      "type": "aws_route_table_association",
      "name": "public-rtb-assoc_1",
      "provider": "provider[\"registry.terraform.io/hashicorp/aws\"]",
      "instances": [
        {
          "schema_version": 0,
          "attributes": {
            "gateway_id": null,
            "id": "rtbassoc-0f487eac6b9dd6aa6",
            "route_table_id": "rtb-0146991f86a550220",
            "subnet_id": "subnet-0246b4b93c8308910"
          },
          "sensitive_attributes": [],
          "private": "bnVsbA==",
          "dependencies": [
            "aws_internet_gateway.gw",
            "aws_route_table.public-rtb",
            "aws_subnet.nondefault_1",
            "aws_vpc.nondefault"
          ]
        }
      ]
    },
    {
      "mode": "managed",
      "type": "aws_route_table_association",
      "name": "public-rtb-assoc_2",
      "provider": "provider[\"registry.terraform.io/hashicorp/aws\"]",
      "instances": [
        {
          "schema_version": 0,
          "attributes": {
            "gateway_id": null,
            "id": "rtbassoc-0eff3cd7d07550489",
            "route_table_id": "rtb-0146991f86a550220",
            "subnet_id": "subnet-0a2d4ecf8228e2c82"
          },
          "sensitive_attributes": [],
          "private": "bnVsbA==",
          "dependencies": [
            "aws_internet_gateway.gw",
            "aws_route_table.public-rtb",
            "aws_subnet.nondefault_2",
            "aws_vpc.nondefault"
          ]
        }
      ]
    },
    {
      "mode": "managed",
      "type": "aws_s3_bucket",
      "name": "bucket",
      "provider": "provider[\"registry.terraform.io/hashicorp/aws\"]",
      "instances": [
        {
          "schema_version": 0,
          "attributes": {
            "acceleration_status": "",
            "acl": "private",
            "arn": "arn:aws:s3:::cloudrail-firehose-testing-bucket",
            "bucket": "cloudrail-firehose-testing-bucket",
            "bucket_domain_name": "cloudrail-firehose-testing-bucket.s3.amazonaws.com",
            "bucket_prefix": null,
            "bucket_regional_domain_name": "cloudrail-firehose-testing-bucket.s3.amazonaws.com",
            "cors_rule": [],
            "force_destroy": false,
            "grant": [],
            "hosted_zone_id": "Z3AQBSTGFYJSTF",
            "id": "cloudrail-firehose-testing-bucket",
            "lifecycle_rule": [],
            "logging": [],
            "object_lock_configuration": [],
            "policy": null,
            "region": "us-east-1",
            "replication_configuration": [],
            "request_payer": "BucketOwner",
            "server_side_encryption_configuration": [],
            "tags": null,
            "tags_all": {},
            "versioning": [
              {
                "enabled": false,
                "mfa_delete": false
              }
            ],
            "website": [],
            "website_domain": null,
            "website_endpoint": null
          },
          "sensitive_attributes": [],
          "private": "bnVsbA=="
        }
      ]
    },
    {
      "mode": "managed",
      "type": "aws_security_group",
      "name": "nondefault",
      "provider": "provider[\"registry.terraform.io/hashicorp/aws\"]",
      "instances": [
        {
          "schema_version": 1,
          "attributes": {
            "arn": "arn:aws:ec2:us-east-1:115553109071:security-group/sg-08195031ddd38a9fe",
            "description": "Managed by Terraform",
            "egress": [
              {
                "cidr_blocks": [
                  "0.0.0.0/0"
                ],
                "description": "",
                "from_port": 0,
                "ipv6_cidr_blocks": [],
                "prefix_list_ids": [],
                "protocol": "-1",
                "security_groups": [],
                "self": false,
                "to_port": 0
              }
            ],
            "id": "sg-08195031ddd38a9fe",
            "ingress": [
              {
                "cidr_blocks": [
                  "0.0.0.0/0"
                ],
                "description": "",
                "from_port": 0,
                "ipv6_cidr_blocks": [],
                "prefix_list_ids": [],
                "protocol": "-1",
                "security_groups": [],
                "self": false,
                "to_port": 0
              }
            ],
            "name": "terraform-20210620115639077300000001",
            "name_prefix": "terraform-",
            "owner_id": "115553109071",
            "revoke_rules_on_delete": false,
            "tags": null,
            "tags_all": {},
            "timeouts": null,
            "vpc_id": "vpc-091d8c90a8ba978c9"
          },
          "sensitive_attributes": [],
          "private": "eyJlMmJmYjczMC1lY2FhLTExZTYtOGY4OC0zNDM2M2JjN2M0YzAiOnsiY3JlYXRlIjo2MDAwMDAwMDAwMDAsImRlbGV0ZSI6OTAwMDAwMDAwMDAwfSwic2NoZW1hX3ZlcnNpb24iOiIxIn0=",
          "dependencies": [
            "aws_vpc.nondefault"
          ]
        }
      ]
    },
    {
      "mode": "managed",
      "type": "aws_security_group",
      "name": "unused",
      "provider": "provider[\"registry.terraform.io/hashicorp/aws\"]",
      "instances": [
        {
          "schema_version": 1,
          "attributes": {
            "arn": "arn:aws:ec2:us-east-1:115553109071:security-group/sg-04573fd71f10fc2b9",
            "description": "Managed by Terraform",
            "egress": [],
            "id": "sg-04573fd71f10fc2b9",
            "ingress": [
              {
                "cidr_blocks": [
                  "0.0.0.0/0"
                ],
                "description": "",
                "from_port": 53,
                "ipv6_cidr_blocks": [],
                "prefix_list_ids": [],
                "protocol": "udp",
                "security_groups": [],
                "self": false,
                "to_port": 53
              }
            ],
            "name": "Unused security group",
            "name_prefix": "",
            "owner_id": "115553109071",
            "revoke_rules_on_delete": false,
            "tags": null,
            "tags_all": {},
            "timeouts": null,
            "vpc_id": "vpc-091d8c90a8ba978c9"
          },
          "sensitive_attributes": [],
          "private": "eyJlMmJmYjczMC1lY2FhLTExZTYtOGY4OC0zNDM2M2JjN2M0YzAiOnsiY3JlYXRlIjo2MDAwMDAwMDAwMDAsImRlbGV0ZSI6OTAwMDAwMDAwMDAwfSwic2NoZW1hX3ZlcnNpb24iOiIxIn0=",
          "dependencies": [
            "aws_vpc.nondefault"
          ]
        }
      ]
    },
    {
      "mode": "managed",
      "type": "aws_subnet",
      "name": "nondefault_1",
      "provider": "provider[\"registry.terraform.io/hashicorp/aws\"]",
      "instances": [
        {
          "schema_version": 1,
          "attributes": {
            "arn": "arn:aws:ec2:us-east-1:115553109071:subnet/subnet-0246b4b93c8308910",
            "assign_ipv6_address_on_creation": false,
            "availability_zone": "us-east-1a",
            "availability_zone_id": "use1-az1",
            "cidr_block": "10.1.1.128/25",
            "customer_owned_ipv4_pool": "",
            "id": "subnet-0246b4b93c8308910",
            "ipv6_cidr_block": "",
            "ipv6_cidr_block_association_id": "",
            "map_customer_owned_ip_on_launch": false,
            "map_public_ip_on_launch": false,
            "outpost_arn": "",
            "owner_id": "115553109071",
            "tags": null,
            "tags_all": {},
            "timeouts": null,
            "vpc_id": "vpc-091d8c90a8ba978c9"
          },
          "sensitive_attributes": [],
          "private": "eyJlMmJmYjczMC1lY2FhLTExZTYtOGY4OC0zNDM2M2JjN2M0YzAiOnsiY3JlYXRlIjo2MDAwMDAwMDAwMDAsImRlbGV0ZSI6MTIwMDAwMDAwMDAwMH0sInNjaGVtYV92ZXJzaW9uIjoiMSJ9",
          "dependencies": [
            "aws_vpc.nondefault"
          ]
        }
      ]
    },
    {
      "mode": "managed",
      "type": "aws_subnet",
      "name": "nondefault_2",
      "provider": "provider[\"registry.terraform.io/hashicorp/aws\"]",
      "instances": [
        {
          "schema_version": 1,
          "attributes": {
            "arn": "arn:aws:ec2:us-east-1:115553109071:subnet/subnet-0a2d4ecf8228e2c82",
            "assign_ipv6_address_on_creation": false,
            "availability_zone": "us-east-1b",
            "availability_zone_id": "use1-az2",
            "cidr_block": "10.1.1.0/25",
            "customer_owned_ipv4_pool": "",
            "id": "subnet-0a2d4ecf8228e2c82",
            "ipv6_cidr_block": "",
            "ipv6_cidr_block_association_id": "",
            "map_customer_owned_ip_on_launch": false,
            "map_public_ip_on_launch": false,
            "outpost_arn": "",
            "owner_id": "115553109071",
            "tags": null,
            "tags_all": {},
            "timeouts": null,
            "vpc_id": "vpc-091d8c90a8ba978c9"
          },
          "sensitive_attributes": [],
          "private": "eyJlMmJmYjczMC1lY2FhLTExZTYtOGY4OC0zNDM2M2JjN2M0YzAiOnsiY3JlYXRlIjo2MDAwMDAwMDAwMDAsImRlbGV0ZSI6MTIwMDAwMDAwMDAwMH0sInNjaGVtYV92ZXJzaW9uIjoiMSJ9",
          "dependencies": [
            "aws_vpc.nondefault"
          ]
        }
      ]
    },
    {
      "mode": "managed",
      "type": "aws_vpc",
      "name": "nondefault",
      "provider": "provider[\"registry.terraform.io/hashicorp/aws\"]",
      "instances": [
        {
          "schema_version": 1,
          "attributes": {
            "arn": "arn:aws:ec2:us-east-1:115553109071:vpc/vpc-091d8c90a8ba978c9",
            "assign_generated_ipv6_cidr_block": false,
            "cidr_block": "10.1.1.0/24",
            "default_network_acl_id": "acl-0e8181a230e79d22e",
            "default_route_table_id": "rtb-05bf8cfe74d7bc81f",
            "default_security_group_id": "sg-04edfba1187c038e3",
            "dhcp_options_id": "dopt-3045214a",
            "enable_classiclink": false,
            "enable_classiclink_dns_support": false,
            "enable_dns_hostnames": false,
            "enable_dns_support": true,
            "id": "vpc-091d8c90a8ba978c9",
            "instance_tenancy": "default",
            "ipv6_association_id": "",
            "ipv6_cidr_block": "",
            "main_route_table_id": "rtb-05bf8cfe74d7bc81f",
            "owner_id": "115553109071",
            "tags": null,
            "tags_all": {}
          },
          "sensitive_attributes": [],
          "private": "eyJzY2hlbWFfdmVyc2lvbiI6IjEifQ=="
        }
      ]
    }
  ]
}
