{"format_version":"0.1","terraform_version":"0.13.4","planned_values":{"root_module":{"resources":[{"address":"aws_default_network_acl.public-nacl","mode":"managed","type":"aws_default_network_acl","name":"public-nacl","provider_name":"registry.terraform.io/hashicorp/aws","schema_version":0,"values":{"default_network_acl_id":"aws_default_vpc.default.default_network_acl_id","egress":[],"ingress":[],"subnet_ids":null,"tags":null}},{"address":"aws_default_route_table.default_route_table","mode":"managed","type":"aws_default_route_table","name":"default_route_table","provider_name":"registry.terraform.io/hashicorp/aws","schema_version":0,"values":{"default_route_table_id":"aws_default_vpc.default.default_route_table_id","propagating_vgws":null,"tags":{"Name":"default table"},"tags_all":{"Name":"default table"}}},{"address":"aws_default_vpc.default","mode":"managed","type":"aws_default_vpc","name":"default","provider_name":"registry.terraform.io/hashicorp/aws","schema_version":1,"values":{"enable_dns_support":true,"tags":{"Name":"default-vpc"},"tags_all":{"Name":"default-vpc"}}},{"address":"aws_network_acl_rule.inbound-rule","mode":"managed","type":"aws_network_acl_rule","name":"inbound-rule","provider_name":"registry.terraform.io/hashicorp/aws","schema_version":0,"values":{"cidr_block":"0.0.0.0/0","egress":false,"from_port":2,"icmp_code":null,"icmp_type":null,"ipv6_cidr_block":null,"network_acl_id":"aws_default_network_acl.public-nacl.id","protocol":"tcp","rule_action":"allow","rule_number":90,"to_port":50}},{"address":"aws_subnet.public-subnet","mode":"managed","type":"aws_subnet","name":"public-subnet","provider_name":"registry.terraform.io/hashicorp/aws","schema_version":1,"values":{"assign_ipv6_address_on_creation":false,"availability_zone":"us-east-1a","cidr_block":"172.31.96.0/20","customer_owned_ipv4_pool":null,"ipv6_cidr_block":null,"map_customer_owned_ip_on_launch":null,"map_public_ip_on_launch":false,"outpost_arn":null,"tags":null,"timeouts":null,"vpc_id":"aws_default_vpc.default.id"}}]}},"resource_changes":[{"address":"aws_default_network_acl.public-nacl","mode":"managed","type":"aws_default_network_acl","name":"public-nacl","provider_name":"registry.terraform.io/hashicorp/aws","change":{"actions":["create"],"before":null,"after":{"default_network_acl_id":"aws_default_vpc.default.default_network_acl_id","egress":[],"ingress":[],"subnet_ids":null,"tags":null},"after_unknown":{"arn":true,"egress":[],"id":true,"ingress":[],"owner_id":true,"tags_all":true,"vpc_id":true}}},{"address":"aws_default_route_table.default_route_table","mode":"managed","type":"aws_default_route_table","name":"default_route_table","provider_name":"registry.terraform.io/hashicorp/aws","change":{"actions":["create"],"before":null,"after":{"default_route_table_id":"aws_default_vpc.default.default_route_table_id","propagating_vgws":null,"tags":{"Name":"default table"},"tags_all":{"Name":"default table"}},"after_unknown":{"arn":true,"id":true,"owner_id":true,"route":true,"tags":{},"tags_all":{},"vpc_id":true}}},{"address":"aws_default_vpc.default","mode":"managed","type":"aws_default_vpc","name":"default","provider_name":"registry.terraform.io/hashicorp/aws","change":{"actions":["create"],"before":null,"after":{"enable_dns_support":true,"tags":{"Name":"default-vpc"},"tags_all":{"Name":"default-vpc"}},"after_unknown":{"arn":true,"assign_generated_ipv6_cidr_block":true,"cidr_block":true,"default_network_acl_id":true,"default_route_table_id":true,"default_security_group_id":true,"dhcp_options_id":true,"enable_classiclink":true,"enable_classiclink_dns_support":true,"enable_dns_hostnames":true,"id":true,"instance_tenancy":true,"ipv6_association_id":true,"ipv6_cidr_block":true,"main_route_table_id":true,"owner_id":true,"tags":{},"tags_all":{}}}},{"address":"aws_network_acl_rule.inbound-rule","mode":"managed","type":"aws_network_acl_rule","name":"inbound-rule","provider_name":"registry.terraform.io/hashicorp/aws","change":{"actions":["create"],"before":null,"after":{"cidr_block":"0.0.0.0/0","egress":false,"from_port":2,"icmp_code":null,"icmp_type":null,"ipv6_cidr_block":null,"network_acl_id":"aws_default_network_acl.public-nacl.id","protocol":"tcp","rule_action":"allow","rule_number":90,"to_port":50},"after_unknown":{"id":true}}},{"address":"aws_subnet.public-subnet","mode":"managed","type":"aws_subnet","name":"public-subnet","provider_name":"registry.terraform.io/hashicorp/aws","change":{"actions":["create"],"before":null,"after":{"assign_ipv6_address_on_creation":false,"availability_zone":"us-east-1a","cidr_block":"172.31.96.0/20","customer_owned_ipv4_pool":null,"ipv6_cidr_block":null,"map_customer_owned_ip_on_launch":null,"map_public_ip_on_launch":false,"outpost_arn":null,"tags":null,"timeouts":null,"vpc_id":"aws_default_vpc.default.id"},"after_unknown":{"arn":true,"availability_zone_id":true,"id":true,"ipv6_cidr_block_association_id":true,"owner_id":true,"tags_all":true}}}],"configuration":{"provider_config":{"aws":{"name":"aws","expressions":{"region":{"constant_value":"us-east-1"}}}},"root_module":{"resources":[{"address":"aws_default_network_acl.public-nacl","mode":"managed","type":"aws_default_network_acl","name":"public-nacl","provider_config_key":"aws","expressions":{"default_network_acl_id":{"references":["aws_default_vpc.default"]}},"schema_version":0,"raw_data":{"FileName":"main.tf","StartLine":22,"EndLine":24}},{"address":"aws_default_route_table.default_route_table","mode":"managed","type":"aws_default_route_table","name":"default_route_table","provider_config_key":"aws","expressions":{"default_route_table_id":{"references":["aws_default_vpc.default"]},"tags":{"constant_value":{"Name":"default table"}}},"schema_version":0,"raw_data":{"FileName":"main.tf","StartLine":8,"EndLine":13}},{"address":"aws_default_vpc.default","mode":"managed","type":"aws_default_vpc","name":"default","provider_config_key":"aws","expressions":{"tags":{"constant_value":{"Name":"default-vpc"}}},"schema_version":1,"raw_data":{"FileName":"main.tf","StartLine":2,"EndLine":6}},{"address":"aws_network_acl_rule.inbound-rule","mode":"managed","type":"aws_network_acl_rule","name":"inbound-rule","provider_config_key":"aws","expressions":{"cidr_block":{"constant_value":"0.0.0.0/0"},"egress":{"constant_value":false},"from_port":{"constant_value":2},"network_acl_id":{"references":["aws_default_network_acl.public-nacl"]},"protocol":{"constant_value":"tcp"},"rule_action":{"constant_value":"allow"},"rule_number":{"constant_value":90},"to_port":{"constant_value":50}},"schema_version":0,"raw_data":{"FileName":"main.tf","StartLine":26,"EndLine":35}},{"address":"aws_subnet.public-subnet","mode":"managed","type":"aws_subnet","name":"public-subnet","provider_config_key":"aws","expressions":{"availability_zone":{"constant_value":"us-east-1a"},"cidr_block":{"constant_value":"172.31.96.0/20"},"vpc_id":{"references":["aws_default_vpc.default"]}},"schema_version":1,"raw_data":{"FileName":"main.tf","StartLine":15,"EndLine":20}}]}}}
