{"format_version":"0.1","terraform_version":"0.13.4","planned_values":{"root_module":{"resources":[{"address":"aws_dynamodb_table.basic-dynamodb-table-1","mode":"managed","type":"aws_dynamodb_table","name":"basic-dynamodb-table-1","provider_name":"registry.terraform.io/hashicorp/aws","schema_version":1,"values":{"attribute":[{"name":"GameTitle","type":"S"},{"name":"UserId","type":"S"}],"billing_mode":"PROVISIONED","global_secondary_index":[],"hash_key":"UserId","local_secondary_index":[],"name":"GameScores","point_in_time_recovery":[],"range_key":"GameTitle","read_capacity":5,"replica":[],"server_side_encryption":[],"stream_enabled":null,"tags":{"Environment":"production","Name":"dynamodb-table-1"},"tags_all":{"Environment":"production","Name":"dynamodb-table-1"},"timeouts":null,"ttl":[],"write_capacity":10}}]}},"resource_changes":[{"address":"aws_dynamodb_table.basic-dynamodb-table-1","mode":"managed","type":"aws_dynamodb_table","name":"basic-dynamodb-table-1","provider_name":"registry.terraform.io/hashicorp/aws","change":{"actions":["create"],"before":null,"after":{"attribute":[{"name":"GameTitle","type":"S"},{"name":"UserId","type":"S"}],"billing_mode":"PROVISIONED","global_secondary_index":[],"hash_key":"UserId","local_secondary_index":[],"name":"GameScores","point_in_time_recovery":[],"range_key":"GameTitle","read_capacity":5,"replica":[],"server_side_encryption":[],"stream_enabled":null,"tags":{"Environment":"production","Name":"dynamodb-table-1"},"tags_all":{"Environment":"production","Name":"dynamodb-table-1"},"timeouts":null,"ttl":[],"write_capacity":10},"after_unknown":{"arn":true,"attribute":[{},{}],"global_secondary_index":[],"id":true,"local_secondary_index":[],"point_in_time_recovery":[],"replica":[],"server_side_encryption":[],"stream_arn":true,"stream_label":true,"stream_view_type":true,"tags":{},"tags_all":{},"ttl":[]}}}],"configuration":{"provider_config":{"aws":{"name":"aws","expressions":{"region":{"constant_value":"us-east-1"}}}},"root_module":{"resources":[{"address":"aws_dynamodb_table.basic-dynamodb-table-1","mode":"managed","type":"aws_dynamodb_table","name":"basic-dynamodb-table-1","provider_config_key":"aws","expressions":{"attribute":[{"name":{"constant_value":"UserId"},"type":{"constant_value":"S"}},{"name":{"constant_value":"GameTitle"},"type":{"constant_value":"S"}}],"billing_mode":{"constant_value":"PROVISIONED"},"hash_key":{"constant_value":"UserId"},"name":{"constant_value":"GameScores"},"range_key":{"constant_value":"GameTitle"},"read_capacity":{"constant_value":5},"tags":{"constant_value":{"Environment":"production","Name":"dynamodb-table-1"}},"write_capacity":{"constant_value":10}},"schema_version":1,"raw_data":{"FileName":"main.tf","StartLine":2,"EndLine":23}}]}}}
