{"format_version":"0.1","terraform_version":"0.14.6","planned_values":{"root_module":{"resources":[{"address":"azurerm_lb.gateway","mode":"managed","type":"azurerm_lb","name":"gateway","provider_name":"registry.terraform.io/hashicorp/azurerm","schema_version":0,"values":{"frontend_ip_configuration":[{"name":"cr3763-lbGateway-front","subnet_id":"azurerm_subnet.test.id"}],"location":"westeurope","name":"cr3763-lbGateway","resource_group_name":"cr3763-rg","sku":"Gateway","sku_tier":"Regional","tags":null,"timeouts":null}},{"address":"azurerm_lb.test","mode":"managed","type":"azurerm_lb","name":"test","provider_name":"registry.terraform.io/hashicorp/azurerm","schema_version":0,"values":{"frontend_ip_configuration":[{"availability_zone":"Zone-Redundant","name":"cr3763-lb-front","private_ip_address":"10.0.1.25","private_ip_address_allocation":"static","private_ip_address_version":"IPv4","subnet_id":"azurerm_subnet.test.id"}],"location":"westeurope","name":"cr3763-lb","resource_group_name":"cr3763-rg","sku":"Standard","sku_tier":"Regional","tags":{"environment":"production"},"timeouts":null}},{"address":"azurerm_lb.test2","mode":"managed","type":"azurerm_lb","name":"test2","provider_name":"registry.terraform.io/hashicorp/azurerm","schema_version":0,"values":{"frontend_ip_configuration":[{"name":"cr3763-lb-front2","public_ip_prefix_id":"azurerm_public_ip_prefix.test.id"}],"location":"westeurope","name":"cr3763-lb2","resource_group_name":"cr3763-rg","sku":"Standard","sku_tier":"Regional","tags":{"environment":"production"},"timeouts":null}},{"address":"azurerm_lb.test3","mode":"managed","type":"azurerm_lb","name":"test3","provider_name":"registry.terraform.io/hashicorp/azurerm","schema_version":0,"values":{"frontend_ip_configuration":[{"name":"cr3763-lb-front3","public_ip_address_id":"azurerm_public_ip.test.id"}],"location":"westeurope","name":"cr3763-lb3","resource_group_name":"cr3763-rg","sku":"Standard","sku_tier":"Regional","tags":{"environment":"production"},"timeouts":null}},{"address":"azurerm_lb_nat_rule.test31","mode":"managed","type":"azurerm_lb_nat_rule","name":"test31","provider_name":"registry.terraform.io/hashicorp/azurerm","schema_version":0,"values":{"backend_port":3389,"enable_tcp_reset":null,"frontend_ip_configuration_name":"cr3763-lb-front3","frontend_port":3389,"loadbalancer_id":"azurerm_lb.test3.id","name":"cr3763-natrule1","protocol":"tcp","resource_group_name":"cr3763-rg","timeouts":null}},{"address":"azurerm_public_ip.test","mode":"managed","type":"azurerm_public_ip","name":"test","provider_name":"registry.terraform.io/hashicorp/azurerm","schema_version":0,"values":{"allocation_method":"Static","domain_name_label":null,"idle_timeout_in_minutes":4,"ip_tags":null,"ip_version":"IPv4","location":"westeurope","name":"cr3763-publicIP","public_ip_prefix_id":null,"resource_group_name":"cr3763-rg","reverse_fqdn":null,"sku":"Standard","sku_tier":"Regional","tags":null,"timeouts":null}},{"address":"azurerm_public_ip_prefix.test","mode":"managed","type":"azurerm_public_ip_prefix","name":"test","provider_name":"registry.terraform.io/hashicorp/azurerm","schema_version":0,"values":{"ip_version":"IPv4","location":"westeurope","name":"cr3763-publicIPPrefix","prefix_length":31,"resource_group_name":"cr3763-rg","sku":"Standard","tags":null,"timeouts":null}},{"address":"azurerm_resource_group.test","mode":"managed","type":"azurerm_resource_group","name":"test","provider_name":"registry.terraform.io/hashicorp/azurerm","schema_version":0,"values":{"location":"westeurope","name":"cr3763-rg","tags":null,"timeouts":null}},{"address":"azurerm_subnet.test","mode":"managed","type":"azurerm_subnet","name":"test","provider_name":"registry.terraform.io/hashicorp/azurerm","schema_version":0,"values":{"address_prefixes":["10.0.1.0/24"],"delegation":[],"enforce_private_link_endpoint_network_policies":false,"enforce_private_link_service_network_policies":false,"name":"cr3763-subnet","resource_group_name":"cr3763-rg","service_endpoint_policy_ids":null,"service_endpoints":null,"timeouts":null,"virtual_network_name":"cr3763-vnet"}},{"address":"azurerm_virtual_network.test","mode":"managed","type":"azurerm_virtual_network","name":"test","provider_name":"registry.terraform.io/hashicorp/azurerm","schema_version":0,"values":{"address_space":["10.0.0.0/16"],"bgp_community":null,"ddos_protection_plan":[],"flow_timeout_in_minutes":null,"location":"westeurope","name":"cr3763-vnet","resource_group_name":"cr3763-rg","tags":null,"timeouts":null,"vm_protection_enabled":false}}]}},"resource_changes":[{"address":"azurerm_lb.gateway","mode":"managed","type":"azurerm_lb","name":"gateway","provider_name":"registry.terraform.io/hashicorp/azurerm","change":{"actions":["create"],"before":null,"after":{"frontend_ip_configuration":[{"name":"cr3763-lbGateway-front","subnet_id":"azurerm_subnet.test.id"}],"location":"westeurope","name":"cr3763-lbGateway","resource_group_name":"cr3763-rg","sku":"Gateway","sku_tier":"Regional","tags":null,"timeouts":null},"after_unknown":{"frontend_ip_configuration":[{"availability_zone":true,"gateway_load_balancer_frontend_ip_configuration_id":true,"id":true,"inbound_nat_rules":true,"load_balancer_rules":true,"outbound_rules":true,"private_ip_address":true,"private_ip_address_allocation":true,"private_ip_address_version":true,"public_ip_address_id":true,"public_ip_prefix_id":true,"zones":true}],"id":true,"private_ip_address":true,"private_ip_addresses":true}}},{"address":"azurerm_lb.test","mode":"managed","type":"azurerm_lb","name":"test","provider_name":"registry.terraform.io/hashicorp/azurerm","change":{"actions":["create"],"before":null,"after":{"frontend_ip_configuration":[{"availability_zone":"Zone-Redundant","name":"cr3763-lb-front","private_ip_address":"10.0.1.25","private_ip_address_allocation":"static","private_ip_address_version":"IPv4","subnet_id":"azurerm_subnet.test.id"}],"location":"westeurope","name":"cr3763-lb","resource_group_name":"cr3763-rg","sku":"Standard","sku_tier":"Regional","tags":{"environment":"production"},"timeouts":null},"after_unknown":{"frontend_ip_configuration":[{"gateway_load_balancer_frontend_ip_configuration_id":true,"id":true,"inbound_nat_rules":true,"load_balancer_rules":true,"outbound_rules":true,"public_ip_address_id":true,"public_ip_prefix_id":true,"zones":true}],"id":true,"private_ip_address":true,"private_ip_addresses":true,"tags":{}}}},{"address":"azurerm_lb.test2","mode":"managed","type":"azurerm_lb","name":"test2","provider_name":"registry.terraform.io/hashicorp/azurerm","change":{"actions":["create"],"before":null,"after":{"frontend_ip_configuration":[{"name":"cr3763-lb-front2","public_ip_prefix_id":"azurerm_public_ip_prefix.test.id"}],"location":"westeurope","name":"cr3763-lb2","resource_group_name":"cr3763-rg","sku":"Standard","sku_tier":"Regional","tags":{"environment":"production"},"timeouts":null},"after_unknown":{"frontend_ip_configuration":[{"availability_zone":true,"gateway_load_balancer_frontend_ip_configuration_id":true,"id":true,"inbound_nat_rules":true,"load_balancer_rules":true,"outbound_rules":true,"private_ip_address":true,"private_ip_address_allocation":true,"private_ip_address_version":true,"public_ip_address_id":true,"subnet_id":true,"zones":true}],"id":true,"private_ip_address":true,"private_ip_addresses":true,"tags":{}}}},{"address":"azurerm_lb.test3","mode":"managed","type":"azurerm_lb","name":"test3","provider_name":"registry.terraform.io/hashicorp/azurerm","change":{"actions":["create"],"before":null,"after":{"frontend_ip_configuration":[{"name":"cr3763-lb-front3","public_ip_address_id":"azurerm_public_ip.test.id"}],"location":"westeurope","name":"cr3763-lb3","resource_group_name":"cr3763-rg","sku":"Standard","sku_tier":"Regional","tags":{"environment":"production"},"timeouts":null},"after_unknown":{"frontend_ip_configuration":[{"availability_zone":true,"gateway_load_balancer_frontend_ip_configuration_id":true,"id":true,"inbound_nat_rules":true,"load_balancer_rules":true,"outbound_rules":true,"private_ip_address":true,"private_ip_address_allocation":true,"private_ip_address_version":true,"public_ip_prefix_id":true,"subnet_id":true,"zones":true}],"id":true,"private_ip_address":true,"private_ip_addresses":true,"tags":{}}}},{"address":"azurerm_lb_nat_rule.test31","mode":"managed","type":"azurerm_lb_nat_rule","name":"test31","provider_name":"registry.terraform.io/hashicorp/azurerm","change":{"actions":["create"],"before":null,"after":{"backend_port":3389,"enable_tcp_reset":null,"frontend_ip_configuration_name":"cr3763-lb-front3","frontend_port":3389,"loadbalancer_id":"azurerm_lb.test3.id","name":"cr3763-natrule1","protocol":"tcp","resource_group_name":"cr3763-rg","timeouts":null},"after_unknown":{"backend_ip_configuration_id":true,"enable_floating_ip":true,"frontend_ip_configuration_id":true,"id":true,"idle_timeout_in_minutes":true}}},{"address":"azurerm_public_ip.test","mode":"managed","type":"azurerm_public_ip","name":"test","provider_name":"registry.terraform.io/hashicorp/azurerm","change":{"actions":["create"],"before":null,"after":{"allocation_method":"Static","domain_name_label":null,"idle_timeout_in_minutes":4,"ip_tags":null,"ip_version":"IPv4","location":"westeurope","name":"cr3763-publicIP","public_ip_prefix_id":null,"resource_group_name":"cr3763-rg","reverse_fqdn":null,"sku":"Standard","sku_tier":"Regional","tags":null,"timeouts":null},"after_unknown":{"availability_zone":true,"fqdn":true,"id":true,"ip_address":true,"zones":true}}},{"address":"azurerm_public_ip_prefix.test","mode":"managed","type":"azurerm_public_ip_prefix","name":"test","provider_name":"registry.terraform.io/hashicorp/azurerm","change":{"actions":["create"],"before":null,"after":{"ip_version":"IPv4","location":"westeurope","name":"cr3763-publicIPPrefix","prefix_length":31,"resource_group_name":"cr3763-rg","sku":"Standard","tags":null,"timeouts":null},"after_unknown":{"availability_zone":true,"id":true,"ip_prefix":true,"zones":true}}},{"address":"azurerm_resource_group.test","mode":"managed","type":"azurerm_resource_group","name":"test","provider_name":"registry.terraform.io/hashicorp/azurerm","change":{"actions":["create"],"before":null,"after":{"location":"westeurope","name":"cr3763-rg","tags":null,"timeouts":null},"after_unknown":{"id":true}}},{"address":"azurerm_subnet.test","mode":"managed","type":"azurerm_subnet","name":"test","provider_name":"registry.terraform.io/hashicorp/azurerm","change":{"actions":["create"],"before":null,"after":{"address_prefixes":["10.0.1.0/24"],"delegation":[],"enforce_private_link_endpoint_network_policies":false,"enforce_private_link_service_network_policies":false,"name":"cr3763-subnet","resource_group_name":"cr3763-rg","service_endpoint_policy_ids":null,"service_endpoints":null,"timeouts":null,"virtual_network_name":"cr3763-vnet"},"after_unknown":{"address_prefix":true,"address_prefixes":[false],"delegation":[],"id":true}}},{"address":"azurerm_virtual_network.test","mode":"managed","type":"azurerm_virtual_network","name":"test","provider_name":"registry.terraform.io/hashicorp/azurerm","change":{"actions":["create"],"before":null,"after":{"address_space":["10.0.0.0/16"],"bgp_community":null,"ddos_protection_plan":[],"flow_timeout_in_minutes":null,"location":"westeurope","name":"cr3763-vnet","resource_group_name":"cr3763-rg","tags":null,"timeouts":null,"vm_protection_enabled":false},"after_unknown":{"address_space":[false],"ddos_protection_plan":[],"dns_servers":true,"guid":true,"id":true,"subnet":true}}}],"configuration":{"provider_config":{"azurerm":{"name":"azurerm","expressions":{"features":[{}]}}},"root_module":{"resources":[{"address":"azurerm_lb.gateway","mode":"managed","type":"azurerm_lb","name":"gateway","provider_config_key":"azurerm","expressions":{"frontend_ip_configuration":[{"name":{"references":["local.name"]},"subnet_id":{"references":["azurerm_subnet.test"]}}],"location":{"references":["azurerm_resource_group.test"]},"name":{"references":["local.name"]},"resource_group_name":{"references":["azurerm_resource_group.test"]},"sku":{"constant_value":"Gateway"}},"schema_version":0,"raw_data":{"FileName":"main.tf","StartLine":43,"EndLine":53}},{"address":"azurerm_lb.test","mode":"managed","type":"azurerm_lb","name":"test","provider_config_key":"azurerm","expressions":{"frontend_ip_configuration":[{"availability_zone":{"constant_value":"Zone-Redundant"},"name":{"references":["local.name"]},"private_ip_address":{"constant_value":"10.0.1.25"},"private_ip_address_allocation":{"constant_value":"Static"},"private_ip_address_version":{"constant_value":"IPv4"},"subnet_id":{"references":["azurerm_subnet.test"]}}],"location":{"references":["azurerm_resource_group.test"]},"name":{"references":["local.name"]},"resource_group_name":{"references":["azurerm_resource_group.test"]},"sku":{"constant_value":"Standard"},"sku_tier":{"constant_value":"Regional"},"tags":{"constant_value":{"environment":"production"}}},"schema_version":0,"raw_data":{"FileName":"main.tf","StartLine":55,"EndLine":74}},{"address":"azurerm_lb.test2","mode":"managed","type":"azurerm_lb","name":"test2","provider_config_key":"azurerm","expressions":{"frontend_ip_configuration":[{"name":{"references":["local.name"]},"public_ip_prefix_id":{"references":["azurerm_public_ip_prefix.test"]}}],"location":{"references":["azurerm_resource_group.test"]},"name":{"references":["local.name"]},"resource_group_name":{"references":["azurerm_resource_group.test"]},"sku":{"constant_value":"Standard"},"sku_tier":{"constant_value":"Regional"},"tags":{"constant_value":{"environment":"production"}}},"schema_version":0,"raw_data":{"FileName":"main.tf","StartLine":76,"EndLine":91}},{"address":"azurerm_lb.test3","mode":"managed","type":"azurerm_lb","name":"test3","provider_config_key":"azurerm","expressions":{"frontend_ip_configuration":[{"gateway_load_balancer_frontend_ip_configuration_id":{"references":["azurerm_lb.gateway"]},"name":{"references":["local.name"]},"public_ip_address_id":{"references":["azurerm_public_ip.test"]}}],"location":{"references":["azurerm_resource_group.test"]},"name":{"references":["local.name"]},"resource_group_name":{"references":["azurerm_resource_group.test"]},"sku":{"constant_value":"Standard"},"sku_tier":{"constant_value":"Regional"},"tags":{"constant_value":{"environment":"production"}}},"schema_version":0,"raw_data":{"FileName":"main.tf","StartLine":93,"EndLine":109}},{"address":"azurerm_lb_nat_rule.test31","mode":"managed","type":"azurerm_lb_nat_rule","name":"test31","provider_config_key":"azurerm","expressions":{"backend_port":{"constant_value":3389},"frontend_ip_configuration_name":{"references":["azurerm_lb.test3"]},"frontend_port":{"constant_value":3389},"loadbalancer_id":{"references":["azurerm_lb.test3"]},"name":{"references":["local.name"]},"protocol":{"constant_value":"Tcp"},"resource_group_name":{"references":["azurerm_resource_group.test"]}},"schema_version":0,"raw_data":{"FileName":"main.tf","StartLine":112,"EndLine":120}},{"address":"azurerm_public_ip.test","mode":"managed","type":"azurerm_public_ip","name":"test","provider_config_key":"azurerm","expressions":{"allocation_method":{"constant_value":"Static"},"location":{"references":["azurerm_resource_group.test"]},"name":{"references":["local.name"]},"resource_group_name":{"references":["azurerm_resource_group.test"]},"sku":{"constant_value":"Standard"}},"schema_version":0,"raw_data":{"FileName":"main.tf","StartLine":28,"EndLine":34}},{"address":"azurerm_public_ip_prefix.test","mode":"managed","type":"azurerm_public_ip_prefix","name":"test","provider_config_key":"azurerm","expressions":{"location":{"references":["azurerm_resource_group.test"]},"name":{"references":["local.name"]},"prefix_length":{"constant_value":31},"resource_group_name":{"references":["azurerm_resource_group.test"]}},"schema_version":0,"raw_data":{"FileName":"main.tf","StartLine":36,"EndLine":41}},{"address":"azurerm_resource_group.test","mode":"managed","type":"azurerm_resource_group","name":"test","provider_config_key":"azurerm","expressions":{"location":{"constant_value":"West Europe"},"name":{"references":["local.name"]}},"schema_version":0,"raw_data":{"FileName":"main.tf","StartLine":9,"EndLine":12}},{"address":"azurerm_subnet.test","mode":"managed","type":"azurerm_subnet","name":"test","provider_config_key":"azurerm","expressions":{"address_prefixes":{"constant_value":["10.0.1.0/24"]},"name":{"references":["local.name"]},"resource_group_name":{"references":["azurerm_resource_group.test"]},"virtual_network_name":{"references":["azurerm_virtual_network.test"]}},"schema_version":0,"raw_data":{"FileName":"main.tf","StartLine":21,"EndLine":26}},{"address":"azurerm_virtual_network.test","mode":"managed","type":"azurerm_virtual_network","name":"test","provider_config_key":"azurerm","expressions":{"address_space":{"constant_value":["10.0.0.0/16"]},"location":{"references":["azurerm_resource_group.test"]},"name":{"references":["local.name"]},"resource_group_name":{"references":["azurerm_resource_group.test"]}},"schema_version":0,"raw_data":{"FileName":"main.tf","StartLine":14,"EndLine":19}}]}}}
