{"format_version":"0.1","terraform_version":"0.12.29","planned_values":{"root_module":{"resources":[{"address":"aws_elasticache_cluster.example","mode":"managed","type":"aws_elasticache_cluster","name":"example","provider_name":"aws","schema_version":0,"values":{"cluster_id":"cluster-example","engine":"redis","engine_version":"3.2.10","final_snapshot_identifier":null,"node_type":"cache.m4.large","notification_topic_arn":null,"num_cache_nodes":1,"parameter_group_name":"default.redis3.2","port":6379,"preferred_availability_zones":null,"security_group_ids":["aws_security_group.nondefault.id"],"snapshot_arns":null,"snapshot_name":null,"snapshot_retention_limit":null,"subnet_group_name":"tf-test-cache-subnet","tags":null}},{"address":"aws_elasticache_subnet_group.bar","mode":"managed","type":"aws_elasticache_subnet_group","name":"bar","provider_name":"aws","schema_version":0,"values":{"description":"Managed by Terraform","name":"tf-test-cache-subnet","subnet_ids":["aws_subnet.foo.id"]}},{"address":"aws_security_group.nondefault","mode":"managed","type":"aws_security_group","name":"nondefault","provider_name":"aws","schema_version":1,"values":{"description":"Managed by Terraform","egress":[{"cidr_blocks":["0.0.0.0/0"],"description":null,"from_port":0,"ipv6_cidr_blocks":null,"prefix_list_ids":null,"protocol":"-1","security_groups":null,"self":null,"to_port":0}],"ingress":[{"cidr_blocks":["0.0.0.0/0"],"description":null,"from_port":0,"ipv6_cidr_blocks":null,"prefix_list_ids":null,"protocol":"-1","security_groups":null,"self":null,"to_port":0}],"revoke_rules_on_delete":false,"tags":null,"timeouts":null,"vpc_id":"aws_vpc.foo.id"}},{"address":"aws_security_group.unused","mode":"managed","type":"aws_security_group","name":"unused","provider_name":"aws","schema_version":1,"values":{"description":"Managed by Terraform","ingress":[{"cidr_blocks":["0.0.0.0/0"],"description":null,"from_port":53,"ipv6_cidr_blocks":null,"prefix_list_ids":null,"protocol":"UDP","security_groups":null,"self":null,"to_port":53}],"name":"Unused security group","revoke_rules_on_delete":false,"tags":null,"timeouts":null,"vpc_id":"aws_vpc.foo.id"}},{"address":"aws_subnet.foo","mode":"managed","type":"aws_subnet","name":"foo","provider_name":"aws","schema_version":1,"values":{"assign_ipv6_address_on_creation":false,"availability_zone":"us-east-1a","cidr_block":"10.0.0.0/24","customer_owned_ipv4_pool":null,"ipv6_cidr_block":null,"map_customer_owned_ip_on_launch":null,"map_public_ip_on_launch":false,"outpost_arn":null,"tags":{"Name":"tf-test"},"tags_all":{"Name":"tf-test"},"timeouts":null,"vpc_id":"aws_vpc.foo.id"}},{"address":"aws_vpc.foo","mode":"managed","type":"aws_vpc","name":"foo","provider_name":"aws","schema_version":1,"values":{"assign_generated_ipv6_cidr_block":false,"cidr_block":"10.0.0.0/16","enable_dns_support":true,"instance_tenancy":"default","tags":{"Name":"tf-test"},"tags_all":{"Name":"tf-test"}}}]}},"resource_changes":[{"address":"aws_elasticache_cluster.example","mode":"managed","type":"aws_elasticache_cluster","name":"example","provider_name":"aws","change":{"actions":["create"],"before":null,"after":{"cluster_id":"cluster-example","engine":"redis","engine_version":"3.2.10","final_snapshot_identifier":null,"node_type":"cache.m4.large","notification_topic_arn":null,"num_cache_nodes":1,"parameter_group_name":"default.redis3.2","port":6379,"preferred_availability_zones":null,"security_group_ids":["aws_security_group.nondefault.id"],"snapshot_arns":null,"snapshot_name":null,"snapshot_retention_limit":null,"subnet_group_name":"tf-test-cache-subnet","tags":null},"after_unknown":{"apply_immediately":true,"arn":true,"availability_zone":true,"az_mode":true,"cache_nodes":true,"cluster_address":true,"configuration_endpoint":true,"id":true,"maintenance_window":true,"replication_group_id":true,"security_group_ids":[false],"security_group_names":true,"snapshot_window":true}}},{"address":"aws_elasticache_subnet_group.bar","mode":"managed","type":"aws_elasticache_subnet_group","name":"bar","provider_name":"aws","change":{"actions":["create"],"before":null,"after":{"description":"Managed by Terraform","name":"tf-test-cache-subnet","subnet_ids":["aws_subnet.foo.id"]},"after_unknown":{"id":true,"subnet_ids":[false]}}},{"address":"aws_security_group.nondefault","mode":"managed","type":"aws_security_group","name":"nondefault","provider_name":"aws","change":{"actions":["create"],"before":null,"after":{"description":"Managed by Terraform","egress":[{"cidr_blocks":["0.0.0.0/0"],"description":null,"from_port":0,"ipv6_cidr_blocks":null,"prefix_list_ids":null,"protocol":"-1","security_groups":null,"self":null,"to_port":0}],"ingress":[{"cidr_blocks":["0.0.0.0/0"],"description":null,"from_port":0,"ipv6_cidr_blocks":null,"prefix_list_ids":null,"protocol":"-1","security_groups":null,"self":null,"to_port":0}],"revoke_rules_on_delete":false,"tags":null,"timeouts":null,"vpc_id":"aws_vpc.foo.id"},"after_unknown":{"arn":true,"egress":[{"cidr_blocks":[false]}],"id":true,"ingress":[{"cidr_blocks":[false]}],"name":true,"name_prefix":true,"owner_id":true}}},{"address":"aws_security_group.unused","mode":"managed","type":"aws_security_group","name":"unused","provider_name":"aws","change":{"actions":["create"],"before":null,"after":{"description":"Managed by Terraform","ingress":[{"cidr_blocks":["0.0.0.0/0"],"description":null,"from_port":53,"ipv6_cidr_blocks":null,"prefix_list_ids":null,"protocol":"UDP","security_groups":null,"self":null,"to_port":53}],"name":"Unused security group","revoke_rules_on_delete":false,"tags":null,"timeouts":null,"vpc_id":"aws_vpc.foo.id"},"after_unknown":{"arn":true,"egress":true,"id":true,"ingress":[{"cidr_blocks":[false]}],"name_prefix":true,"owner_id":true}}},{"address":"aws_subnet.foo","mode":"managed","type":"aws_subnet","name":"foo","provider_name":"aws","change":{"actions":["create"],"before":null,"after":{"assign_ipv6_address_on_creation":false,"availability_zone":"us-east-1a","cidr_block":"10.0.0.0/24","customer_owned_ipv4_pool":null,"ipv6_cidr_block":null,"map_customer_owned_ip_on_launch":null,"map_public_ip_on_launch":false,"outpost_arn":null,"tags":{"Name":"tf-test"},"tags_all":{"Name":"tf-test"},"timeouts":null,"vpc_id":"aws_vpc.foo.id"},"after_unknown":{"arn":true,"availability_zone_id":true,"id":true,"ipv6_cidr_block_association_id":true,"owner_id":true,"tags":{},"tags_all":{}}}},{"address":"aws_vpc.foo","mode":"managed","type":"aws_vpc","name":"foo","provider_name":"aws","change":{"actions":["create"],"before":null,"after":{"assign_generated_ipv6_cidr_block":false,"cidr_block":"10.0.0.0/16","enable_dns_support":true,"instance_tenancy":"default","tags":{"Name":"tf-test"},"tags_all":{"Name":"tf-test"}},"after_unknown":{"arn":true,"default_network_acl_id":true,"default_route_table_id":true,"default_security_group_id":true,"dhcp_options_id":true,"enable_classiclink":true,"enable_classiclink_dns_support":true,"enable_dns_hostnames":true,"id":true,"ipv6_association_id":true,"ipv6_cidr_block":true,"main_route_table_id":true,"owner_id":true,"tags":{},"tags_all":{}}}}],"configuration":{"provider_config":{"aws":{"name":"aws","expressions":{"region":{"constant_value":"us-east-1"}}}},"root_module":{"resources":[{"address":"aws_elasticache_cluster.example","mode":"managed","type":"aws_elasticache_cluster","name":"example","provider_config_key":"aws","expressions":{"cluster_id":{"constant_value":"cluster-example"},"engine":{"constant_value":"redis"},"engine_version":{"constant_value":"3.2.10"},"node_type":{"constant_value":"cache.m4.large"},"num_cache_nodes":{"constant_value":1},"parameter_group_name":{"constant_value":"default.redis3.2"},"port":{"constant_value":6379},"security_group_ids":{"references":["aws_security_group.nondefault"]},"subnet_group_name":{"references":["aws_elasticache_subnet_group.bar"]}},"schema_version":0,"raw_data":{"FileName":"main.tf","StartLine":47,"EndLine":57}},{"address":"aws_elasticache_subnet_group.bar","mode":"managed","type":"aws_elasticache_subnet_group","name":"bar","provider_config_key":"aws","expressions":{"name":{"constant_value":"tf-test-cache-subnet"},"subnet_ids":{"references":["aws_subnet.foo"]}},"schema_version":0,"raw_data":{"FileName":"main.tf","StartLine":23,"EndLine":26}},{"address":"aws_security_group.nondefault","mode":"managed","type":"aws_security_group","name":"nondefault","provider_config_key":"aws","expressions":{"vpc_id":{"references":["aws_vpc.foo"]}},"schema_version":1,"raw_data":{"FileName":"main.tf","StartLine":28,"EndLine":45}},{"address":"aws_security_group.unused","mode":"managed","type":"aws_security_group","name":"unused","provider_config_key":"aws","expressions":{"name":{"constant_value":"Unused security group"},"vpc_id":{"references":["aws_vpc.foo"]}},"schema_version":1,"raw_data":{"FileName":"main.tf","StartLine":59,"EndLine":69}},{"address":"aws_subnet.foo","mode":"managed","type":"aws_subnet","name":"foo","provider_config_key":"aws","expressions":{"availability_zone":{"constant_value":"us-east-1a"},"cidr_block":{"constant_value":"10.0.0.0/24"},"tags":{"constant_value":{"Name":"tf-test"}},"vpc_id":{"references":["aws_vpc.foo"]}},"schema_version":1,"raw_data":{"FileName":"main.tf","StartLine":13,"EndLine":21}},{"address":"aws_vpc.foo","mode":"managed","type":"aws_vpc","name":"foo","provider_config_key":"aws","expressions":{"cidr_block":{"constant_value":"10.0.0.0/16"},"tags":{"constant_value":{"Name":"tf-test"}}},"schema_version":1,"raw_data":{"FileName":"main.tf","StartLine":5,"EndLine":11}}]}}}
