{"format_version":"0.1","terraform_version":"0.13.4","planned_values":{"root_module":{"resources":[{"address":"aws_launch_template.test-launch-template","mode":"managed","type":"aws_launch_template","name":"test-launch-template","provider_name":"registry.terraform.io/hashicorp/aws","schema_version":0,"values":{"block_device_mappings":[],"capacity_reservation_specification":[],"cpu_options":[],"credit_specification":[],"description":null,"disable_api_termination":null,"ebs_optimized":null,"elastic_gpu_specifications":[],"elastic_inference_accelerator":[],"enclave_options":[],"hibernation_options":[],"iam_instance_profile":[],"image_id":"ami-1a2b3c","instance_initiated_shutdown_behavior":null,"instance_market_options":[],"instance_type":"t2.micro","kernel_id":null,"key_name":null,"license_specification":[],"metadata_options":[],"monitoring":[],"name":"test-launch-template","network_interfaces":[{"associate_carrier_ip_address":null,"associate_public_ip_address":"false","delete_on_termination":null,"description":null,"device_index":null,"interface_type":null,"ipv4_address_count":null,"ipv4_addresses":null,"ipv6_address_count":null,"ipv6_addresses":null,"network_interface_id":null,"private_ip_address":null,"security_groups":["sg-1234567"],"subnet_id":"aws_subnet.nondefault_1.id"}],"placement":[],"ram_disk_id":null,"security_group_names":null,"tag_specifications":[],"tags":null,"update_default_version":null,"user_data":null,"vpc_security_group_ids":null}},{"address":"aws_subnet.nondefault_1","mode":"managed","type":"aws_subnet","name":"nondefault_1","provider_name":"registry.terraform.io/hashicorp/aws","schema_version":1,"values":{"assign_ipv6_address_on_creation":false,"availability_zone":"us-east-1a","cidr_block":"10.1.1.128/25","customer_owned_ipv4_pool":null,"ipv6_cidr_block":null,"map_customer_owned_ip_on_launch":null,"map_public_ip_on_launch":false,"outpost_arn":null,"tags":null,"timeouts":null,"vpc_id":"vpc-1234567"}}]}},"resource_changes":[{"address":"aws_launch_template.test-launch-template","mode":"managed","type":"aws_launch_template","name":"test-launch-template","provider_name":"registry.terraform.io/hashicorp/aws","change":{"actions":["create"],"before":null,"after":{"block_device_mappings":[],"capacity_reservation_specification":[],"cpu_options":[],"credit_specification":[],"description":null,"disable_api_termination":null,"ebs_optimized":null,"elastic_gpu_specifications":[],"elastic_inference_accelerator":[],"enclave_options":[],"hibernation_options":[],"iam_instance_profile":[],"image_id":"ami-1a2b3c","instance_initiated_shutdown_behavior":null,"instance_market_options":[],"instance_type":"t2.micro","kernel_id":null,"key_name":null,"license_specification":[],"metadata_options":[],"monitoring":[],"name":"test-launch-template","network_interfaces":[{"associate_carrier_ip_address":null,"associate_public_ip_address":"false","delete_on_termination":null,"description":null,"device_index":null,"interface_type":null,"ipv4_address_count":null,"ipv4_addresses":null,"ipv6_address_count":null,"ipv6_addresses":null,"network_interface_id":null,"private_ip_address":null,"security_groups":["sg-1234567"],"subnet_id":"aws_subnet.nondefault_1.id"}],"placement":[],"ram_disk_id":null,"security_group_names":null,"tag_specifications":[],"tags":null,"update_default_version":null,"user_data":null,"vpc_security_group_ids":null},"after_unknown":{"arn":true,"block_device_mappings":[],"capacity_reservation_specification":[],"cpu_options":[],"credit_specification":[],"default_version":true,"elastic_gpu_specifications":[],"elastic_inference_accelerator":[],"enclave_options":[],"hibernation_options":[],"iam_instance_profile":[],"id":true,"instance_market_options":[],"latest_version":true,"license_specification":[],"metadata_options":[],"monitoring":[],"name_prefix":true,"network_interfaces":[{"security_groups":[false]}],"placement":[],"tag_specifications":[],"tags_all":true}}},{"address":"aws_subnet.nondefault_1","mode":"managed","type":"aws_subnet","name":"nondefault_1","provider_name":"registry.terraform.io/hashicorp/aws","change":{"actions":["create"],"before":null,"after":{"assign_ipv6_address_on_creation":false,"availability_zone":"us-east-1a","cidr_block":"10.1.1.128/25","customer_owned_ipv4_pool":null,"ipv6_cidr_block":null,"map_customer_owned_ip_on_launch":null,"map_public_ip_on_launch":false,"outpost_arn":null,"tags":null,"timeouts":null,"vpc_id":"vpc-1234567"},"after_unknown":{"arn":true,"availability_zone_id":true,"id":true,"ipv6_cidr_block_association_id":true,"owner_id":true,"tags_all":true}}}],"configuration":{"provider_config":{"aws":{"name":"aws","expressions":{"region":{"constant_value":"us-east-1"}}}},"root_module":{"resources":[{"address":"aws_launch_template.test-launch-template","mode":"managed","type":"aws_launch_template","name":"test-launch-template","provider_config_key":"aws","expressions":{"image_id":{"constant_value":"ami-1a2b3c"},"instance_type":{"constant_value":"t2.micro"},"name":{"constant_value":"test-launch-template"},"network_interfaces":[{"associate_public_ip_address":{"constant_value":false},"security_groups":{"constant_value":["sg-1234567"]},"subnet_id":{"references":["aws_subnet.nondefault_1"]}}]},"schema_version":0,"raw_data":{"FileName":"main.tf","StartLine":8,"EndLine":19}},{"address":"aws_subnet.nondefault_1","mode":"managed","type":"aws_subnet","name":"nondefault_1","provider_config_key":"aws","expressions":{"availability_zone":{"constant_value":"us-east-1a"},"cidr_block":{"constant_value":"10.1.1.128/25"},"vpc_id":{"constant_value":"vpc-1234567"}},"schema_version":1,"raw_data":{"FileName":"main.tf","StartLine":2,"EndLine":6}}]}}}
