{"format_version":"0.1","terraform_version":"0.14.6","planned_values":{"root_module":{"resources":[{"address":"aws_default_network_acl.default","mode":"managed","type":"aws_default_network_acl","name":"default","provider_name":"registry.terraform.io/hashicorp/aws","schema_version":0,"values":{"default_network_acl_id":"acl-017afdbe80a556293","egress":[],"ingress":[{"action":"allow","cidr_block":"0.0.0.0/0","from_port":0,"icmp_code":null,"icmp_type":null,"ipv6_cidr_block":null,"protocol":"-1","rule_no":100,"to_port":0}],"subnet_ids":["subnet-096b9991973ef234f"],"tags":{"TerraformTag":"TerraformValue"},"tags_all":{"TerraformTag":"TerraformValue"}}}]}},"resource_changes":[{"address":"aws_default_network_acl.default","mode":"managed","type":"aws_default_network_acl","name":"default","provider_name":"registry.terraform.io/hashicorp/aws","change":{"actions":["create"],"before":null,"after":{"default_network_acl_id":"acl-017afdbe80a556293","egress":[],"ingress":[{"action":"allow","cidr_block":"0.0.0.0/0","from_port":0,"icmp_code":null,"icmp_type":null,"ipv6_cidr_block":null,"protocol":"-1","rule_no":100,"to_port":0}],"subnet_ids":["subnet-096b9991973ef234f"],"tags":{"TerraformTag":"TerraformValue"},"tags_all":{"TerraformTag":"TerraformValue"}},"after_unknown":{"arn":true,"egress":[],"id":true,"ingress":[{}],"owner_id":true,"subnet_ids":[false],"tags":{},"tags_all":{},"vpc_id":true}}}],"configuration":{"root_module":{"resources":[{"address":"aws_default_network_acl.default","mode":"managed","type":"aws_default_network_acl","name":"default","provider_config_key":"aws","expressions":{"default_network_acl_id":{"constant_value":"acl-017afdbe80a556293"},"ingress":[{"action":{"constant_value":"allow"},"cidr_block":{"constant_value":"0.0.0.0/0"},"from_port":{"constant_value":0},"protocol":{"constant_value":-1},"rule_no":{"constant_value":100},"to_port":{"constant_value":0}}],"subnet_ids":{"constant_value":["subnet-096b9991973ef234f"]},"tags":{"constant_value":{"TerraformTag":"TerraformValue"}}},"schema_version":0,"raw_data":{"FileName":"main.tf","StartLine":2,"EndLine":19}}]}}}
