{
  "format_version": "0.1",
  "terraform_version": "0.14.6",
  "planned_values": {
    "root_module": {
      "resources": [
        {
          "address": "azurerm_monitor_action_group.test",
          "mode": "managed",
          "type": "azurerm_monitor_action_group",
          "name": "test",
          "provider_name": "registry.terraform.io/hashicorp/azurerm",
          "schema_version": 1,
          "values": {
            "arm_role_receiver": [],
            "automation_runbook_receiver": [],
            "azure_app_push_receiver": [],
            "azure_function_receiver": [],
            "email_receiver": [],
            "enabled": true,
            "itsm_receiver": [],
            "logic_app_receiver": [],
            "name": "example-actiongroup",
            "resource_group_name": "cr3690-RG",
            "short_name": "p0action",
            "sms_receiver": [],
            "tags": null,
            "timeouts": null,
            "voice_receiver": [],
            "webhook_receiver": [
              {
                "aad_auth": [],
                "name": "callmyapi",
                "service_uri": "http://example.com/alert",
                "use_common_alert_schema": null
              }
            ]
          }
        },
        {
          "address": "azurerm_monitor_action_group.test10",
          "mode": "managed",
          "type": "azurerm_monitor_action_group",
          "name": "test10",
          "provider_name": "registry.terraform.io/hashicorp/azurerm",
          "schema_version": 1,
          "values": {
            "arm_role_receiver": [],
            "automation_runbook_receiver": [],
            "azure_app_push_receiver": [],
            "azure_function_receiver": [],
            "email_receiver": [],
            "enabled": true,
            "itsm_receiver": [],
            "logic_app_receiver": [],
            "name": "doron_test",
            "resource_group_name": "cr3690-RG",
            "short_name": "dfghjk",
            "sms_receiver": [],
            "tags": null,
            "timeouts": null,
            "voice_receiver": [],
            "webhook_receiver": [
              {
                "aad_auth": [],
                "name": "callmyapi",
                "service_uri": "http://example.com/alert",
                "use_common_alert_schema": null
              }
            ]
          }
        },
        {
          "address": "azurerm_monitor_activity_log_alert.test1",
          "mode": "managed",
          "type": "azurerm_monitor_activity_log_alert",
          "name": "test1",
          "provider_name": "registry.terraform.io/hashicorp/azurerm",
          "schema_version": 1,
          "values": {
            "action": [
              {
                "action_group_id": "azurerm_monitor_action_group.test.id",
                "webhook_properties": {
                  "key": "value"
                }
              },
              {
                "action_group_id": "azurerm_monitor_action_group.test10.id",
                "webhook_properties": {
                  "key": "value"
                }
              }
            ],
            "criteria": [
              {
                "caller": "fake@emailaddress.com",
                "category": "Administrative",
                "level": "Warning",
                "operation_name": "Microsoft.Network/networkSecurityGroups/write",
                "recommendation_category": "OperationalExcellence",
                "recommendation_impact": "High",
                "recommendation_type": null,
                "resource_group": "fakename",
                "resource_id": "azurerm_network_security_group.nsg.id",
                "resource_provider": "Microsoft.Network",
                "resource_type": "networkSecurityGroups",
                "status": "doron",
                "sub_status": "Failed"
              }
            ],
            "description": "log alert rule",
            "enabled": true,
            "name": "cr3690-activitylogalert1",
            "resource_group_name": "cr3690-RG",
            "scopes": [
              "/subscriptions/230613d8-3b34-4790-b650-36f31045f19a"
            ],
            "tags": {
              "environment": "production"
            },
            "timeouts": null
          }
        },
        {
          "address": "azurerm_monitor_activity_log_alert.test2",
          "mode": "managed",
          "type": "azurerm_monitor_activity_log_alert",
          "name": "test2",
          "provider_name": "registry.terraform.io/hashicorp/azurerm",
          "schema_version": 1,
          "values": {
            "action": [],
            "criteria": [
              {
                "caller": null,
                "category": "ServiceHealth",
                "level": "Warning",
                "operation_name": null,
                "recommendation_category": null,
                "recommendation_impact": null,
                "recommendation_type": "fakeRecommendation",
                "resource_group": "fakename",
                "resource_id": "azurerm_network_security_group.nsg.id",
                "resource_provider": null,
                "resource_type": null,
                "service_health": [
                  {
                    "events": [
                      "Incident",
                      "Maintenance"
                    ],
                    "locations": [
                      "Global"
                    ],
                    "services": [
                      "All Services"
                    ]
                  }
                ],
                "status": null,
                "sub_status": null
              }
            ],
            "description": "log alert rule",
            "enabled": true,
            "name": "cr3690-activitylogalert2",
            "resource_group_name": "cr3690-RG",
            "scopes": [
              "/subscriptions/230613d8-3b34-4790-b650-36f31045f19a"
            ],
            "tags": {
              "environment": "production"
            },
            "timeouts": null
          }
        },
        {
          "address": "azurerm_network_security_group.nsg",
          "mode": "managed",
          "type": "azurerm_network_security_group",
          "name": "nsg",
          "provider_name": "registry.terraform.io/hashicorp/azurerm",
          "schema_version": 0,
          "values": {
            "location": "westeurope",
            "name": "cr3690-nsg",
            "resource_group_name": "cr3690-RG",
            "tags": null,
            "timeouts": null
          }
        },
        {
          "address": "azurerm_resource_group.rg",
          "mode": "managed",
          "type": "azurerm_resource_group",
          "name": "rg",
          "provider_name": "registry.terraform.io/hashicorp/azurerm",
          "schema_version": 0,
          "values": {
            "location": "westeurope",
            "name": "cr3690-RG",
            "tags": null,
            "timeouts": null
          }
        }
      ]
    }
  },
  "resource_changes": [
    {
      "address": "azurerm_monitor_action_group.test",
      "mode": "managed",
      "type": "azurerm_monitor_action_group",
      "name": "test",
      "provider_name": "registry.terraform.io/hashicorp/azurerm",
      "change": {
        "actions": [
          "create"
        ],
        "before": null,
        "after": {
          "arm_role_receiver": [],
          "automation_runbook_receiver": [],
          "azure_app_push_receiver": [],
          "azure_function_receiver": [],
          "email_receiver": [],
          "enabled": true,
          "itsm_receiver": [],
          "logic_app_receiver": [],
          "name": "example-actiongroup",
          "resource_group_name": "cr3690-RG",
          "short_name": "p0action",
          "sms_receiver": [],
          "tags": null,
          "timeouts": null,
          "voice_receiver": [],
          "webhook_receiver": [
            {
              "aad_auth": [],
              "name": "callmyapi",
              "service_uri": "http://example.com/alert",
              "use_common_alert_schema": null
            }
          ]
        },
        "after_unknown": {
          "arm_role_receiver": [],
          "automation_runbook_receiver": [],
          "azure_app_push_receiver": [],
          "azure_function_receiver": [],
          "email_receiver": [],
          "id": true,
          "itsm_receiver": [],
          "logic_app_receiver": [],
          "sms_receiver": [],
          "voice_receiver": [],
          "webhook_receiver": [
            {
              "aad_auth": []
            }
          ]
        }
      }
    },
    {
      "address": "azurerm_monitor_action_group.test10",
      "mode": "managed",
      "type": "azurerm_monitor_action_group",
      "name": "test10",
      "provider_name": "registry.terraform.io/hashicorp/azurerm",
      "change": {
        "actions": [
          "create"
        ],
        "before": null,
        "after": {
          "arm_role_receiver": [],
          "automation_runbook_receiver": [],
          "azure_app_push_receiver": [],
          "azure_function_receiver": [],
          "email_receiver": [],
          "enabled": true,
          "itsm_receiver": [],
          "logic_app_receiver": [],
          "name": "doron_test",
          "resource_group_name": "cr3690-RG",
          "short_name": "dfghjk",
          "sms_receiver": [],
          "tags": null,
          "timeouts": null,
          "voice_receiver": [],
          "webhook_receiver": [
            {
              "aad_auth": [],
              "name": "callmyapi",
              "service_uri": "http://example.com/alert",
              "use_common_alert_schema": null
            }
          ]
        },
        "after_unknown": {
          "arm_role_receiver": [],
          "automation_runbook_receiver": [],
          "azure_app_push_receiver": [],
          "azure_function_receiver": [],
          "email_receiver": [],
          "id": true,
          "itsm_receiver": [],
          "logic_app_receiver": [],
          "sms_receiver": [],
          "voice_receiver": [],
          "webhook_receiver": [
            {
              "aad_auth": []
            }
          ]
        }
      }
    },
    {
      "address": "azurerm_monitor_activity_log_alert.test1",
      "mode": "managed",
      "type": "azurerm_monitor_activity_log_alert",
      "name": "test1",
      "provider_name": "registry.terraform.io/hashicorp/azurerm",
      "change": {
        "actions": [
          "create"
        ],
        "before": null,
        "after": {
          "action": [
            {
              "action_group_id": "azurerm_monitor_action_group.test.id",
              "webhook_properties": {
                "key": "value"
              }
            },
            {
              "action_group_id": "azurerm_monitor_action_group.test10.id",
              "webhook_properties": {
                "key": "value"
              }
            }
          ],
          "criteria": [
            {
              "caller": "fake@emailaddress.com",
              "category": "Administrative",
              "level": "Warning",
              "operation_name": "Microsoft.Network/networkSecurityGroups/write",
              "recommendation_category": "OperationalExcellence",
              "recommendation_impact": "High",
              "recommendation_type": null,
              "resource_group": "fakename",
              "resource_id": "azurerm_network_security_group.nsg.id",
              "resource_provider": "Microsoft.Network",
              "resource_type": "networkSecurityGroups",
              "status": "doron",
              "sub_status": "Failed"
            }
          ],
          "description": "log alert rule",
          "enabled": true,
          "name": "cr3690-activitylogalert1",
          "resource_group_name": "cr3690-RG",
          "scopes": [
            "/subscriptions/230613d8-3b34-4790-b650-36f31045f19a"
          ],
          "tags": {
            "environment": "production"
          },
          "timeouts": null
        },
        "after_unknown": {
          "action": [
            {
              "webhook_properties": {}
            },
            {
              "webhook_properties": {}
            }
          ],
          "criteria": [
            {
              "service_health": true
            }
          ],
          "id": true,
          "scopes": [
            false
          ],
          "tags": {}
        }
      }
    },
    {
      "address": "azurerm_monitor_activity_log_alert.test2",
      "mode": "managed",
      "type": "azurerm_monitor_activity_log_alert",
      "name": "test2",
      "provider_name": "registry.terraform.io/hashicorp/azurerm",
      "change": {
        "actions": [
          "create"
        ],
        "before": null,
        "after": {
          "action": [],
          "criteria": [
            {
              "caller": null,
              "category": "ServiceHealth",
              "level": "Warning",
              "operation_name": null,
              "recommendation_category": null,
              "recommendation_impact": null,
              "recommendation_type": "fakeRecommendation",
              "resource_group": "fakename",
              "resource_id": "azurerm_network_security_group.nsg.id",
              "resource_provider": null,
              "resource_type": null,
              "service_health": [
                {
                  "events": [
                    "Incident",
                    "Maintenance"
                  ],
                  "locations": [
                    "Global"
                  ],
                  "services": [
                    "All Services"
                  ]
                }
              ],
              "status": null,
              "sub_status": null
            }
          ],
          "description": "log alert rule",
          "enabled": true,
          "name": "cr3690-activitylogalert2",
          "resource_group_name": "cr3690-RG",
          "scopes": [
            "/subscriptions/230613d8-3b34-4790-b650-36f31045f19a"
          ],
          "tags": {
            "environment": "production"
          },
          "timeouts": null
        },
        "after_unknown": {
          "action": [],
          "criteria": [
            {
              "service_health": [
                {
                  "events": [
                    false,
                    false
                  ],
                  "locations": [
                    false
                  ],
                  "services": [
                    false
                  ]
                }
              ]
            }
          ],
          "id": true,
          "scopes": [
            false
          ],
          "tags": {}
        }
      }
    },
    {
      "address": "azurerm_network_security_group.nsg",
      "mode": "managed",
      "type": "azurerm_network_security_group",
      "name": "nsg",
      "provider_name": "registry.terraform.io/hashicorp/azurerm",
      "change": {
        "actions": [
          "create"
        ],
        "before": null,
        "after": {
          "location": "westeurope",
          "name": "cr3690-nsg",
          "resource_group_name": "cr3690-RG",
          "tags": null,
          "timeouts": null
        },
        "after_unknown": {
          "id": true,
          "security_rule": true
        }
      }
    },
    {
      "address": "azurerm_resource_group.rg",
      "mode": "managed",
      "type": "azurerm_resource_group",
      "name": "rg",
      "provider_name": "registry.terraform.io/hashicorp/azurerm",
      "change": {
        "actions": [
          "create"
        ],
        "before": null,
        "after": {
          "location": "westeurope",
          "name": "cr3690-RG",
          "tags": null,
          "timeouts": null
        },
        "after_unknown": {
          "id": true
        }
      }
    }
  ],
  "prior_state": {
    "format_version": "0.1",
    "terraform_version": "0.14.11",
    "values": {
      "root_module": {
        "resources": [
          {
            "address": "data.azurerm_subscription.current",
            "mode": "data",
            "type": "azurerm_subscription",
            "name": "current",
            "provider_name": "registry.terraform.io/hashicorp/azurerm",
            "schema_version": 0,
            "values": {
              "display_name": "dev_alon",
              "id": "/subscriptions/230613d8-3b34-4790-b650-36f31045f19a",
              "location_placement_id": "Public_2014-09-01",
              "quota_id": "Sponsored_2016-01-01",
              "spending_limit": "Off",
              "state": "Enabled",
              "subscription_id": "230613d8-3b34-4790-b650-36f31045f19a",
              "tags": {},
              "tenant_id": "568db8f3-e402-4c09-baa9-692e42029cc7",
              "timeouts": null
            }
          }
        ]
      }
    }
  },
  "configuration": {
    "provider_config": {
      "azurerm": {
        "name": "azurerm",
        "expressions": {
          "features": [
            {}
          ]
        }
      }
    },
    "root_module": {
      "resources": [
        {
          "address": "azurerm_monitor_action_group.test",
          "mode": "managed",
          "type": "azurerm_monitor_action_group",
          "name": "test",
          "provider_config_key": "azurerm",
          "expressions": {
            "name": {
              "constant_value": "example-actiongroup"
            },
            "resource_group_name": {
              "references": [
                "azurerm_resource_group.rg"
              ]
            },
            "short_name": {
              "constant_value": "p0action"
            },
            "webhook_receiver": [
              {
                "name": {
                  "constant_value": "callmyapi"
                },
                "service_uri": {
                  "constant_value": "http://example.com/alert"
                }
              }
            ]
          },
          "schema_version": 1,
          "raw_data": {
            "FileName": "main.tf",
            "StartLine": 24,
            "EndLine": 33
          }
        },
        {
          "address": "azurerm_monitor_action_group.test10",
          "mode": "managed",
          "type": "azurerm_monitor_action_group",
          "name": "test10",
          "provider_config_key": "azurerm",
          "expressions": {
            "name": {
              "constant_value": "doron_test"
            },
            "resource_group_name": {
              "references": [
                "azurerm_resource_group.rg"
              ]
            },
            "short_name": {
              "constant_value": "dfghjk"
            },
            "webhook_receiver": [
              {
                "name": {
                  "constant_value": "callmyapi"
                },
                "service_uri": {
                  "constant_value": "http://example.com/alert"
                }
              }
            ]
          },
          "schema_version": 1,
          "raw_data": {
            "FileName": "main.tf",
            "StartLine": 35,
            "EndLine": 44
          }
        },
        {
          "address": "azurerm_monitor_activity_log_alert.test1",
          "mode": "managed",
          "type": "azurerm_monitor_activity_log_alert",
          "name": "test1",
          "provider_config_key": "azurerm",
          "expressions": {
            "action": [
              {
                "action_group_id": {
                  "references": [
                    "azurerm_monitor_action_group.test"
                  ]
                },
                "webhook_properties": {
                  "constant_value": {
                    "key": "value"
                  }
                }
              },
              {
                "action_group_id": {
                  "references": [
                    "azurerm_monitor_action_group.test10"
                  ]
                },
                "webhook_properties": {
                  "constant_value": {
                    "key": "value"
                  }
                }
              }
            ],
            "criteria": [
              {
                "caller": {
                  "constant_value": "fake@emailaddress.com"
                },
                "category": {
                  "constant_value": "Administrative"
                },
                "level": {
                  "constant_value": "Warning"
                },
                "operation_name": {
                  "constant_value": "Microsoft.Network/networkSecurityGroups/write"
                },
                "recommendation_category": {
                  "constant_value": "OperationalExcellence"
                },
                "recommendation_impact": {
                  "constant_value": "High"
                },
                "resource_group": {
                  "constant_value": "fakename"
                },
                "resource_id": {
                  "references": [
                    "azurerm_network_security_group.nsg"
                  ]
                },
                "resource_provider": {
                  "constant_value": "Microsoft.Network"
                },
                "resource_type": {
                  "constant_value": "networkSecurityGroups"
                },
                "status": {
                  "constant_value": "doron"
                },
                "sub_status": {
                  "constant_value": "Failed"
                }
              }
            ],
            "description": {
              "constant_value": "log alert rule"
            },
            "enabled": {
              "constant_value": true
            },
            "name": {
              "references": [
                "local.resource_prefix"
              ]
            },
            "resource_group_name": {
              "references": [
                "azurerm_resource_group.rg"
              ]
            },
            "scopes": {
              "references": [
                "data.azurerm_subscription.current"
              ]
            },
            "tags": {
              "constant_value": {
                "environment": "production"
              }
            }
          },
          "schema_version": 1,
          "raw_data": {
            "FileName": "main.tf",
            "StartLine": 46,
            "EndLine": 88
          }
        },
        {
          "address": "azurerm_monitor_activity_log_alert.test2",
          "mode": "managed",
          "type": "azurerm_monitor_activity_log_alert",
          "name": "test2",
          "provider_config_key": "azurerm",
          "expressions": {
            "criteria": [
              {
                "category": {
                  "constant_value": "ServiceHealth"
                },
                "level": {
                  "constant_value": "Warning"
                },
                "recommendation_type": {
                  "constant_value": "fakeRecommendation"
                },
                "resource_group": {
                  "constant_value": "fakename"
                },
                "resource_id": {
                  "references": [
                    "azurerm_network_security_group.nsg"
                  ]
                },
                "service_health": [
                  {
                    "events": {
                      "constant_value": [
                        "Incident",
                        "Maintenance"
                      ]
                    },
                    "locations": {
                      "constant_value": [
                        "Global"
                      ]
                    },
                    "services": {
                      "constant_value": [
                        "All Services"
                      ]
                    }
                  }
                ]
              }
            ],
            "description": {
              "constant_value": "log alert rule"
            },
            "enabled": {
              "constant_value": true
            },
            "name": {
              "references": [
                "local.resource_prefix"
              ]
            },
            "resource_group_name": {
              "references": [
                "azurerm_resource_group.rg"
              ]
            },
            "scopes": {
              "references": [
                "data.azurerm_subscription.current"
              ]
            },
            "tags": {
              "constant_value": {
                "environment": "production"
              }
            }
          },
          "schema_version": 1,
          "raw_data": {
            "FileName": "main.tf",
            "StartLine": 90,
            "EndLine": 116
          }
        },
        {
          "address": "azurerm_network_security_group.nsg",
          "mode": "managed",
          "type": "azurerm_network_security_group",
          "name": "nsg",
          "provider_config_key": "azurerm",
          "expressions": {
            "location": {
              "references": [
                "azurerm_resource_group.rg"
              ]
            },
            "name": {
              "references": [
                "local.resource_prefix"
              ]
            },
            "resource_group_name": {
              "references": [
                "azurerm_resource_group.rg"
              ]
            }
          },
          "schema_version": 0,
          "raw_data": {
            "FileName": "main.tf",
            "StartLine": 17,
            "EndLine": 21
          }
        },
        {
          "address": "azurerm_resource_group.rg",
          "mode": "managed",
          "type": "azurerm_resource_group",
          "name": "rg",
          "provider_config_key": "azurerm",
          "expressions": {
            "location": {
              "constant_value": "West Europe"
            },
            "name": {
              "references": [
                "local.resource_prefix"
              ]
            }
          },
          "schema_version": 0,
          "raw_data": {
            "FileName": "main.tf",
            "StartLine": 12,
            "EndLine": 15
          }
        },
        {
          "address": "data.azurerm_subscription.current",
          "mode": "data",
          "type": "azurerm_subscription",
          "name": "current",
          "provider_config_key": "azurerm",
          "schema_version": 0,
          "raw_data": {
            "FileName": "main.tf",
            "StartLine": 9,
            "EndLine": 10
          }
        }
      ]
    }
  }
}
