{"format_version":"0.1","terraform_version":"0.13.4","planned_values":{"root_module":{"resources":[{"address":"aws_default_subnet.def1","mode":"managed","type":"aws_default_subnet","name":"def1","provider_name":"registry.terraform.io/hashicorp/aws","schema_version":1,"values":{"availability_zone":"us-east-1a","customer_owned_ipv4_pool":null,"map_customer_owned_ip_on_launch":null,"outpost_arn":null,"tags":null,"timeouts":null}},{"address":"aws_default_subnet.def2","mode":"managed","type":"aws_default_subnet","name":"def2","provider_name":"registry.terraform.io/hashicorp/aws","schema_version":1,"values":{"availability_zone":"us-east-1b","customer_owned_ipv4_pool":null,"map_customer_owned_ip_on_launch":null,"outpost_arn":null,"tags":null,"timeouts":null}},{"address":"aws_default_vpc.def","mode":"managed","type":"aws_default_vpc","name":"def","provider_name":"registry.terraform.io/hashicorp/aws","schema_version":1,"values":{"enable_dns_support":true,"tags":null}},{"address":"aws_lb.test","mode":"managed","type":"aws_lb","name":"test","provider_name":"registry.terraform.io/hashicorp/aws","schema_version":0,"values":{"access_logs":[],"customer_owned_ipv4_pool":null,"drop_invalid_header_fields":false,"enable_cross_zone_load_balancing":null,"enable_deletion_protection":false,"enable_http2":true,"idle_timeout":60,"load_balancer_type":"application","name":"test123","name_prefix":null,"subnet_mapping":[],"subnets":["aws_default_subnet.def1.id","aws_default_subnet.def2.id"],"tags":null,"timeouts":null}}]}},"resource_changes":[{"address":"aws_default_subnet.def1","mode":"managed","type":"aws_default_subnet","name":"def1","provider_name":"registry.terraform.io/hashicorp/aws","change":{"actions":["create"],"before":null,"after":{"availability_zone":"us-east-1a","customer_owned_ipv4_pool":null,"map_customer_owned_ip_on_launch":null,"outpost_arn":null,"tags":null,"timeouts":null},"after_unknown":{"arn":true,"assign_ipv6_address_on_creation":true,"availability_zone_id":true,"cidr_block":true,"id":true,"ipv6_cidr_block":true,"ipv6_cidr_block_association_id":true,"map_public_ip_on_launch":true,"owner_id":true,"tags_all":true,"vpc_id":true}}},{"address":"aws_default_subnet.def2","mode":"managed","type":"aws_default_subnet","name":"def2","provider_name":"registry.terraform.io/hashicorp/aws","change":{"actions":["create"],"before":null,"after":{"availability_zone":"us-east-1b","customer_owned_ipv4_pool":null,"map_customer_owned_ip_on_launch":null,"outpost_arn":null,"tags":null,"timeouts":null},"after_unknown":{"arn":true,"assign_ipv6_address_on_creation":true,"availability_zone_id":true,"cidr_block":true,"id":true,"ipv6_cidr_block":true,"ipv6_cidr_block_association_id":true,"map_public_ip_on_launch":true,"owner_id":true,"tags_all":true,"vpc_id":true}}},{"address":"aws_default_vpc.def","mode":"managed","type":"aws_default_vpc","name":"def","provider_name":"registry.terraform.io/hashicorp/aws","change":{"actions":["create"],"before":null,"after":{"enable_dns_support":true,"tags":null},"after_unknown":{"arn":true,"assign_generated_ipv6_cidr_block":true,"cidr_block":true,"default_network_acl_id":true,"default_route_table_id":true,"default_security_group_id":true,"dhcp_options_id":true,"enable_classiclink":true,"enable_classiclink_dns_support":true,"enable_dns_hostnames":true,"id":true,"instance_tenancy":true,"ipv6_association_id":true,"ipv6_cidr_block":true,"main_route_table_id":true,"owner_id":true,"tags_all":true}}},{"address":"aws_lb.test","mode":"managed","type":"aws_lb","name":"test","provider_name":"registry.terraform.io/hashicorp/aws","change":{"actions":["create"],"before":null,"after":{"access_logs":[],"customer_owned_ipv4_pool":null,"drop_invalid_header_fields":false,"enable_cross_zone_load_balancing":null,"enable_deletion_protection":false,"enable_http2":true,"idle_timeout":60,"load_balancer_type":"application","name":"test123","name_prefix":null,"subnet_mapping":[],"subnets":["aws_default_subnet.def1.id","aws_default_subnet.def2.id"],"tags":null,"timeouts":null},"after_unknown":{"access_logs":[],"arn":true,"arn_suffix":true,"dns_name":true,"id":true,"internal":true,"ip_address_type":true,"security_groups":true,"subnet_mapping":[],"subnets":[false,false],"tags_all":true,"vpc_id":true,"zone_id":true}}}],"prior_state":{"format_version":"0.1","terraform_version":"0.13.4","values":{"root_module":{"resources":[{"address":"data.aws_availability_zones.available","mode":"data","type":"aws_availability_zones","name":"available","provider_name":"registry.terraform.io/hashicorp/aws","schema_version":0,"values":{"all_availability_zones":null,"exclude_names":null,"exclude_zone_ids":null,"filter":null,"group_names":["us-east-1"],"id":"us-east-1","names":["us-east-1a","us-east-1b","us-east-1c","us-east-1d","us-east-1e","us-east-1f"],"state":"available","zone_ids":["use1-az1","use1-az2","use1-az4","use1-az6","use1-az3","use1-az5"]}}]}}},"configuration":{"provider_config":{"aws":{"name":"aws","expressions":{"region":{"constant_value":"us-east-1"}}}},"root_module":{"resources":[{"address":"aws_default_subnet.def1","mode":"managed","type":"aws_default_subnet","name":"def1","provider_config_key":"aws","expressions":{"availability_zone":{"references":["data.aws_availability_zones.available"]}},"schema_version":1,"raw_data":{"FileName":"main.tf","StartLine":9,"EndLine":11}},{"address":"aws_default_subnet.def2","mode":"managed","type":"aws_default_subnet","name":"def2","provider_config_key":"aws","expressions":{"availability_zone":{"references":["data.aws_availability_zones.available"]}},"schema_version":1,"raw_data":{"FileName":"main.tf","StartLine":13,"EndLine":15}},{"address":"aws_default_vpc.def","mode":"managed","type":"aws_default_vpc","name":"def","provider_config_key":"aws","schema_version":1,"raw_data":{"FileName":"main.tf","StartLine":5,"EndLine":7}},{"address":"aws_lb.test","mode":"managed","type":"aws_lb","name":"test","provider_config_key":"aws","expressions":{"load_balancer_type":{"constant_value":"application"},"name":{"constant_value":"test123"},"subnets":{"references":["aws_default_subnet.def1","aws_default_subnet.def2"]}},"schema_version":0,"raw_data":{"FileName":"main.tf","StartLine":17,"EndLine":22}},{"address":"data.aws_availability_zones.available","mode":"data","type":"aws_availability_zones","name":"available","provider_config_key":"aws","expressions":{"state":{"constant_value":"available"}},"schema_version":0,"raw_data":{"FileName":"main.tf","StartLine":1,"EndLine":3}}]}}}
