{"format_version":"0.1","terraform_version":"0.14.6","planned_values":{"root_module":{"resources":[{"address":"azurerm_monitor_action_group.action-gr","mode":"managed","type":"azurerm_monitor_action_group","name":"action-gr","provider_name":"registry.terraform.io/hashicorp/azurerm","schema_version":1,"values":{"arm_role_receiver":[],"automation_runbook_receiver":[],"azure_app_push_receiver":[],"azure_function_receiver":[],"email_receiver":[],"enabled":true,"itsm_receiver":[],"logic_app_receiver":[],"name":"example-actiongroup","resource_group_name":"cr2429-RG","short_name":"p0action","sms_receiver":[],"tags":null,"timeouts":null,"voice_receiver":[],"webhook_receiver":[{"aad_auth":[],"name":"callmyapi","service_uri":"http://example.com/alert","use_common_alert_schema":null}]}},{"address":"azurerm_monitor_activity_log_alert.log-alert1","mode":"managed","type":"azurerm_monitor_activity_log_alert","name":"log-alert1","provider_name":"registry.terraform.io/hashicorp/azurerm","schema_version":1,"values":{"action":[{"action_group_id":"azurerm_monitor_action_group.action-gr.id","webhook_properties":null}],"criteria":[{"caller":null,"category":"Security","level":null,"operation_name":"Microsoft.Security/securitySolutions/write","recommendation_category":null,"recommendation_impact":null,"recommendation_type":null,"resource_group":null,"resource_id":null,"resource_provider":null,"resource_type":null,"status":null,"sub_status":null}],"description":"log alert rule","enabled":false,"name":"cr2429-activitylogalert1","resource_group_name":"cr2429-RG","scopes":["/subscriptions/230613d8-3b34-4790-b650-36f31045f19a"],"tags":null,"timeouts":null}},{"address":"azurerm_monitor_activity_log_alert.log-alert2","mode":"managed","type":"azurerm_monitor_activity_log_alert","name":"log-alert2","provider_name":"registry.terraform.io/hashicorp/azurerm","schema_version":1,"values":{"action":[{"action_group_id":"azurerm_monitor_action_group.action-gr.id","webhook_properties":null}],"criteria":[{"caller":null,"category":"Security","level":null,"operation_name":"Microsoft.Security/securitySolutions/delete","recommendation_category":null,"recommendation_impact":null,"recommendation_type":null,"resource_group":null,"resource_id":null,"resource_provider":null,"resource_type":null,"status":null,"sub_status":null}],"description":"log alert rule","enabled":true,"name":"cr2429-activitylogalert2","resource_group_name":"cr2429-RG","scopes":["/subscriptions/230613d8-3b34-4790-b650-36f31045f19a"],"tags":null,"timeouts":null}},{"address":"azurerm_resource_group.rg","mode":"managed","type":"azurerm_resource_group","name":"rg","provider_name":"registry.terraform.io/hashicorp/azurerm","schema_version":0,"values":{"location":"westeurope","name":"cr2429-RG","tags":null,"timeouts":null}}]}},"resource_changes":[{"address":"azurerm_monitor_action_group.action-gr","mode":"managed","type":"azurerm_monitor_action_group","name":"action-gr","provider_name":"registry.terraform.io/hashicorp/azurerm","change":{"actions":["create"],"before":null,"after":{"arm_role_receiver":[],"automation_runbook_receiver":[],"azure_app_push_receiver":[],"azure_function_receiver":[],"email_receiver":[],"enabled":true,"itsm_receiver":[],"logic_app_receiver":[],"name":"example-actiongroup","resource_group_name":"cr2429-RG","short_name":"p0action","sms_receiver":[],"tags":null,"timeouts":null,"voice_receiver":[],"webhook_receiver":[{"aad_auth":[],"name":"callmyapi","service_uri":"http://example.com/alert","use_common_alert_schema":null}]},"after_unknown":{"arm_role_receiver":[],"automation_runbook_receiver":[],"azure_app_push_receiver":[],"azure_function_receiver":[],"email_receiver":[],"id":true,"itsm_receiver":[],"logic_app_receiver":[],"sms_receiver":[],"voice_receiver":[],"webhook_receiver":[{"aad_auth":[]}]}}},{"address":"azurerm_monitor_activity_log_alert.log-alert1","mode":"managed","type":"azurerm_monitor_activity_log_alert","name":"log-alert1","provider_name":"registry.terraform.io/hashicorp/azurerm","change":{"actions":["create"],"before":null,"after":{"action":[{"action_group_id":"azurerm_monitor_action_group.action-gr.id","webhook_properties":null}],"criteria":[{"caller":null,"category":"Security","level":null,"operation_name":"Microsoft.Security/securitySolutions/write","recommendation_category":null,"recommendation_impact":null,"recommendation_type":null,"resource_group":null,"resource_id":null,"resource_provider":null,"resource_type":null,"status":null,"sub_status":null}],"description":"log alert rule","enabled":false,"name":"cr2429-activitylogalert1","resource_group_name":"cr2429-RG","scopes":["/subscriptions/230613d8-3b34-4790-b650-36f31045f19a"],"tags":null,"timeouts":null},"after_unknown":{"action":[{}],"criteria":[{"service_health":true}],"id":true,"scopes":[false]}}},{"address":"azurerm_monitor_activity_log_alert.log-alert2","mode":"managed","type":"azurerm_monitor_activity_log_alert","name":"log-alert2","provider_name":"registry.terraform.io/hashicorp/azurerm","change":{"actions":["create"],"before":null,"after":{"action":[{"action_group_id":"azurerm_monitor_action_group.action-gr.id","webhook_properties":null}],"criteria":[{"caller":null,"category":"Security","level":null,"operation_name":"Microsoft.Security/securitySolutions/delete","recommendation_category":null,"recommendation_impact":null,"recommendation_type":null,"resource_group":null,"resource_id":null,"resource_provider":null,"resource_type":null,"status":null,"sub_status":null}],"description":"log alert rule","enabled":true,"name":"cr2429-activitylogalert2","resource_group_name":"cr2429-RG","scopes":["/subscriptions/230613d8-3b34-4790-b650-36f31045f19a"],"tags":null,"timeouts":null},"after_unknown":{"action":[{}],"criteria":[{"service_health":true}],"id":true,"scopes":[false]}}},{"address":"azurerm_resource_group.rg","mode":"managed","type":"azurerm_resource_group","name":"rg","provider_name":"registry.terraform.io/hashicorp/azurerm","change":{"actions":["create"],"before":null,"after":{"location":"westeurope","name":"cr2429-RG","tags":null,"timeouts":null},"after_unknown":{"id":true}}}],"prior_state":{"format_version":"0.1","terraform_version":"0.14.11","values":{"root_module":{"resources":[{"address":"data.azurerm_subscription.current","mode":"data","type":"azurerm_subscription","name":"current","provider_name":"registry.terraform.io/hashicorp/azurerm","schema_version":0,"values":{"display_name":"dev_alon","id":"/subscriptions/230613d8-3b34-4790-b650-36f31045f19a","location_placement_id":"Public_2014-09-01","quota_id":"Sponsored_2016-01-01","spending_limit":"Off","state":"Enabled","subscription_id":"230613d8-3b34-4790-b650-36f31045f19a","tags":{},"tenant_id":"568db8f3-e402-4c09-baa9-692e42029cc7","timeouts":null}}]}}},"configuration":{"provider_config":{"azurerm":{"name":"azurerm","expressions":{"features":[{}]}}},"root_module":{"resources":[{"address":"azurerm_monitor_action_group.action-gr","mode":"managed","type":"azurerm_monitor_action_group","name":"action-gr","provider_config_key":"azurerm","expressions":{"name":{"constant_value":"example-actiongroup"},"resource_group_name":{"references":["azurerm_resource_group.rg"]},"short_name":{"constant_value":"p0action"},"webhook_receiver":[{"name":{"constant_value":"callmyapi"},"service_uri":{"constant_value":"http://example.com/alert"}}]},"schema_version":1,"raw_data":{"FileName":"main.tf","StartLine":18,"EndLine":27}},{"address":"azurerm_monitor_activity_log_alert.log-alert1","mode":"managed","type":"azurerm_monitor_activity_log_alert","name":"log-alert1","provider_config_key":"azurerm","expressions":{"action":[{"action_group_id":{"references":["azurerm_monitor_action_group.action-gr"]}}],"criteria":[{"category":{"constant_value":"Security"},"operation_name":{"constant_value":"Microsoft.Security/securitySolutions/write"}}],"description":{"constant_value":"log alert rule"},"enabled":{"constant_value":false},"name":{"references":["local.resource_prefix"]},"resource_group_name":{"references":["azurerm_resource_group.rg"]},"scopes":{"references":["data.azurerm_subscription.current"]}},"schema_version":1,"raw_data":{"FileName":"main.tf","StartLine":29,"EndLine":44}},{"address":"azurerm_monitor_activity_log_alert.log-alert2","mode":"managed","type":"azurerm_monitor_activity_log_alert","name":"log-alert2","provider_config_key":"azurerm","expressions":{"action":[{"action_group_id":{"references":["azurerm_monitor_action_group.action-gr"]}}],"criteria":[{"category":{"constant_value":"Security"},"operation_name":{"constant_value":"Microsoft.Security/securitySolutions/delete"}}],"description":{"constant_value":"log alert rule"},"name":{"references":["local.resource_prefix"]},"resource_group_name":{"references":["azurerm_resource_group.rg"]},"scopes":{"references":["data.azurerm_subscription.current"]}},"schema_version":1,"raw_data":{"FileName":"main.tf","StartLine":46,"EndLine":60}},{"address":"azurerm_resource_group.rg","mode":"managed","type":"azurerm_resource_group","name":"rg","provider_config_key":"azurerm","expressions":{"location":{"constant_value":"West Europe"},"name":{"references":["local.resource_prefix"]}},"schema_version":0,"raw_data":{"FileName":"main.tf","StartLine":13,"EndLine":16}},{"address":"data.azurerm_subscription.current","mode":"data","type":"azurerm_subscription","name":"current","provider_config_key":"azurerm","schema_version":0,"raw_data":{"FileName":"main.tf","StartLine":10,"EndLine":11}}]}}}
