{"format_version":"0.1","terraform_version":"0.12.29","planned_values":{"root_module":{"resources":[{"address":"aws_iam_role.role","mode":"managed","type":"aws_iam_role","name":"role","provider_name":"aws","schema_version":0,"values":{"assume_role_policy":"{\n  \"Version\": \"2012-10-17\",\n  \"Statement\": [\n    {\n      \"Action\": \"sts:AssumeRole\",\n      \"Principal\": {\n        \"AWS\": \"arn:aws:iam::645376637575:root\"\n      },\n      \"Effect\": \"Allow\",\n      \"Sid\": \"\"\n    }\n  ]\n}\n","description":null,"force_detach_policies":false,"max_session_duration":3600,"name":"test-role","name_prefix":null,"path":"/","permissions_boundary":null,"tags":null}},{"address":"aws_iam_role_policy_attachment.attach-role-policy","mode":"managed","type":"aws_iam_role_policy_attachment","name":"attach-role-policy","provider_name":"aws","schema_version":0,"values":{"policy_arn":"arn:aws:iam::aws:policy/ReadOnlyAccess","role":"test-role"}}]}},"resource_changes":[{"address":"aws_iam_role.role","mode":"managed","type":"aws_iam_role","name":"role","provider_name":"aws","change":{"actions":["create"],"before":null,"after":{"assume_role_policy":"{\n  \"Version\": \"2012-10-17\",\n  \"Statement\": [\n    {\n      \"Action\": \"sts:AssumeRole\",\n      \"Principal\": {\n        \"AWS\": \"arn:aws:iam::645376637575:root\"\n      },\n      \"Effect\": \"Allow\",\n      \"Sid\": \"\"\n    }\n  ]\n}\n","description":null,"force_detach_policies":false,"max_session_duration":3600,"name":"test-role","name_prefix":null,"path":"/","permissions_boundary":null,"tags":null},"after_unknown":{"arn":true,"create_date":true,"id":true,"unique_id":true}}},{"address":"aws_iam_role_policy_attachment.attach-role-policy","mode":"managed","type":"aws_iam_role_policy_attachment","name":"attach-role-policy","provider_name":"aws","change":{"actions":["create"],"before":null,"after":{"policy_arn":"arn:aws:iam::aws:policy/ReadOnlyAccess","role":"test-role"},"after_unknown":{"id":true}}}],"configuration":{"provider_config":{"aws":{"name":"aws","expressions":{"region":{"constant_value":"us-east-1"}}}},"root_module":{"resources":[{"address":"aws_iam_role.role","mode":"managed","type":"aws_iam_role","name":"role","provider_config_key":"aws","expressions":{"assume_role_policy":{"constant_value":"{\n  \"Version\": \"2012-10-17\",\n  \"Statement\": [\n    {\n      \"Action\": \"sts:AssumeRole\",\n      \"Principal\": {\n        \"AWS\": \"arn:aws:iam::645376637575:root\"\n      },\n      \"Effect\": \"Allow\",\n      \"Sid\": \"\"\n    }\n  ]\n}\n"},"name":{"constant_value":"test-role"}},"schema_version":0,"raw_data":{"FileName":"main.tf","StartLine":5,"EndLine":23}},{"address":"aws_iam_role_policy_attachment.attach-role-policy","mode":"managed","type":"aws_iam_role_policy_attachment","name":"attach-role-policy","provider_config_key":"aws","expressions":{"policy_arn":{"constant_value":"arn:aws:iam::aws:policy/ReadOnlyAccess"},"role":{"references":["aws_iam_role.role"]}},"schema_version":0,"raw_data":{"FileName":"main.tf","StartLine":25,"EndLine":28}}]}}}
