{"format_version":"0.1","terraform_version":"0.14.6","planned_values":{"root_module":{"resources":[{"address":"azurerm_disk_encryption_set.eset","mode":"managed","type":"azurerm_disk_encryption_set","name":"eset","provider_name":"registry.terraform.io/hashicorp/azurerm","schema_version":0,"values":{"identity":[{"type":"SystemAssigned"}],"key_vault_key_id":"azurerm_key_vault_key.key.id","location":"westeurope","name":"cr2337001-deset","resource_group_name":"cr2337001-RG","tags":null,"timeouts":null}},{"address":"azurerm_key_vault.kv","mode":"managed","type":"azurerm_key_vault","name":"kv","provider_name":"registry.terraform.io/hashicorp/azurerm","schema_version":2,"values":{"access_policy":[{"application_id":null,"certificate_permissions":null,"key_permissions":["Get","List","create","delete"],"object_id":"ddc8b952-aa8e-4ae1-aa42-0dfdf4f15db3","secret_permissions":["Get","List","set","delete"],"storage_permissions":["Get"],"tenant_id":"568db8f3-e402-4c09-baa9-692e42029cc7"}],"contact":[],"enable_rbac_authorization":null,"enabled_for_deployment":null,"enabled_for_disk_encryption":null,"enabled_for_template_deployment":null,"location":"westeurope","name":"cr2337001-keyvault","purge_protection_enabled":true,"resource_group_name":"cr2337001-RG","sku_name":"standard","soft_delete_retention_days":7,"tags":null,"tenant_id":"568db8f3-e402-4c09-baa9-692e42029cc7","timeouts":null}},{"address":"azurerm_key_vault_access_policy.eset-disk","mode":"managed","type":"azurerm_key_vault_access_policy","name":"eset-disk","provider_name":"registry.terraform.io/hashicorp/azurerm","schema_version":0,"values":{"application_id":null,"certificate_permissions":null,"key_permissions":["Get","WrapKey","UnwrapKey"],"key_vault_id":"azurerm_key_vault.kv.id","secret_permissions":null,"storage_permissions":null,"timeouts":null}},{"address":"azurerm_key_vault_key.key","mode":"managed","type":"azurerm_key_vault_key","name":"key","provider_name":"registry.terraform.io/hashicorp/azurerm","schema_version":0,"values":{"expiration_date":null,"key_opts":["decrypt","encrypt","sign","unwrapKey","verify","wrapKey"],"key_size":2048,"key_type":"RSA","key_vault_id":"azurerm_key_vault.kv.id","name":"cr2337001-key","not_before_date":null,"tags":null,"timeouts":null}},{"address":"azurerm_managed_disk.disk","mode":"managed","type":"azurerm_managed_disk","name":"disk","provider_name":"registry.terraform.io/hashicorp/azurerm","schema_version":0,"values":{"create_option":"Empty","disk_access_id":null,"disk_encryption_set_id":"azurerm_disk_encryption_set.eset.id","disk_size_gb":5,"encryption_settings":[],"image_reference_id":null,"location":"westeurope","name":"cr2337001-disk","network_access_policy":null,"os_type":null,"resource_group_name":"cr2337001-RG","source_resource_id":null,"storage_account_id":null,"storage_account_type":"Standard_LRS","tags":null,"timeouts":null,"zones":null}},{"address":"azurerm_resource_group.rg","mode":"managed","type":"azurerm_resource_group","name":"rg","provider_name":"registry.terraform.io/hashicorp/azurerm","schema_version":0,"values":{"location":"westeurope","name":"cr2337001-RG","tags":null,"timeouts":null}}]}},"resource_changes":[{"address":"azurerm_disk_encryption_set.eset","mode":"managed","type":"azurerm_disk_encryption_set","name":"eset","provider_name":"registry.terraform.io/hashicorp/azurerm","change":{"actions":["create"],"before":null,"after":{"identity":[{"type":"SystemAssigned"}],"key_vault_key_id":"azurerm_key_vault_key.key.id","location":"westeurope","name":"cr2337001-deset","resource_group_name":"cr2337001-RG","tags":null,"timeouts":null},"after_unknown":{"id":true,"identity":[{"principal_id":true,"tenant_id":true}]}}},{"address":"azurerm_key_vault.kv","mode":"managed","type":"azurerm_key_vault","name":"kv","provider_name":"registry.terraform.io/hashicorp/azurerm","change":{"actions":["create"],"before":null,"after":{"access_policy":[{"application_id":null,"certificate_permissions":null,"key_permissions":["Get","List","create","delete"],"object_id":"ddc8b952-aa8e-4ae1-aa42-0dfdf4f15db3","secret_permissions":["Get","List","set","delete"],"storage_permissions":["Get"],"tenant_id":"568db8f3-e402-4c09-baa9-692e42029cc7"}],"contact":[],"enable_rbac_authorization":null,"enabled_for_deployment":null,"enabled_for_disk_encryption":null,"enabled_for_template_deployment":null,"location":"westeurope","name":"cr2337001-keyvault","purge_protection_enabled":true,"resource_group_name":"cr2337001-RG","sku_name":"standard","soft_delete_retention_days":7,"tags":null,"tenant_id":"568db8f3-e402-4c09-baa9-692e42029cc7","timeouts":null},"after_unknown":{"access_policy":[{"key_permissions":[false,false,false,false],"secret_permissions":[false,false,false,false],"storage_permissions":[false]}],"contact":[],"id":true,"network_acls":true,"soft_delete_enabled":true,"vault_uri":true}}},{"address":"azurerm_key_vault_access_policy.eset-disk","mode":"managed","type":"azurerm_key_vault_access_policy","name":"eset-disk","provider_name":"registry.terraform.io/hashicorp/azurerm","change":{"actions":["create"],"before":null,"after":{"application_id":null,"certificate_permissions":null,"key_permissions":["Get","WrapKey","UnwrapKey"],"key_vault_id":"azurerm_key_vault.kv.id","secret_permissions":null,"storage_permissions":null,"timeouts":null},"after_unknown":{"id":true,"key_permissions":[false,false,false],"object_id":true,"tenant_id":true}}},{"address":"azurerm_key_vault_key.key","mode":"managed","type":"azurerm_key_vault_key","name":"key","provider_name":"registry.terraform.io/hashicorp/azurerm","change":{"actions":["create"],"before":null,"after":{"expiration_date":null,"key_opts":["decrypt","encrypt","sign","unwrapKey","verify","wrapKey"],"key_size":2048,"key_type":"RSA","key_vault_id":"azurerm_key_vault.kv.id","name":"cr2337001-key","not_before_date":null,"tags":null,"timeouts":null},"after_unknown":{"curve":true,"e":true,"id":true,"key_opts":[false,false,false,false,false,false],"n":true,"version":true,"versionless_id":true,"x":true,"y":true}}},{"address":"azurerm_managed_disk.disk","mode":"managed","type":"azurerm_managed_disk","name":"disk","provider_name":"registry.terraform.io/hashicorp/azurerm","change":{"actions":["create"],"before":null,"after":{"create_option":"Empty","disk_access_id":null,"disk_encryption_set_id":"azurerm_disk_encryption_set.eset.id","disk_size_gb":5,"encryption_settings":[],"image_reference_id":null,"location":"westeurope","name":"cr2337001-disk","network_access_policy":null,"os_type":null,"resource_group_name":"cr2337001-RG","source_resource_id":null,"storage_account_id":null,"storage_account_type":"Standard_LRS","tags":null,"timeouts":null,"zones":null},"after_unknown":{"disk_iops_read_write":true,"disk_mbps_read_write":true,"encryption_settings":[],"id":true,"source_uri":true,"tier":true}}},{"address":"azurerm_resource_group.rg","mode":"managed","type":"azurerm_resource_group","name":"rg","provider_name":"registry.terraform.io/hashicorp/azurerm","change":{"actions":["create"],"before":null,"after":{"location":"westeurope","name":"cr2337001-RG","tags":null,"timeouts":null},"after_unknown":{"id":true}}}],"prior_state":{"format_version":"0.1","terraform_version":"0.14.6","values":{"root_module":{"resources":[{"address":"data.azurerm_client_config.current","mode":"data","type":"azurerm_client_config","name":"current","provider_name":"registry.terraform.io/hashicorp/azurerm","schema_version":0,"values":{"client_id":"04b07795-8ddb-461a-bbee-02f9e1bf7b46","id":"2021-08-09 11:54:39.163484 +0000 UTC","object_id":"ddc8b952-aa8e-4ae1-aa42-0dfdf4f15db3","subscription_id":"230613d8-3b34-4790-b650-36f31045f19a","tenant_id":"568db8f3-e402-4c09-baa9-692e42029cc7","timeouts":null}}]}}},"configuration":{"provider_config":{"azurerm":{"name":"azurerm","expressions":{"features":[{}]}}},"root_module":{"resources":[{"address":"azurerm_disk_encryption_set.eset","mode":"managed","type":"azurerm_disk_encryption_set","name":"eset","provider_config_key":"azurerm","expressions":{"identity":[{"type":{"constant_value":"SystemAssigned"}}],"key_vault_key_id":{"references":["azurerm_key_vault_key.key"]},"location":{"references":["azurerm_resource_group.rg"]},"name":{"references":["local.resource_prefix"]},"resource_group_name":{"references":["azurerm_resource_group.rg"]}},"schema_version":0,"raw_data":{"FileName":"main.tf","StartLine":58,"EndLine":67}},{"address":"azurerm_key_vault.kv","mode":"managed","type":"azurerm_key_vault","name":"kv","provider_config_key":"azurerm","expressions":{"location":{"references":["azurerm_resource_group.rg"]},"name":{"references":["local.resource_prefix"]},"purge_protection_enabled":{"constant_value":true},"resource_group_name":{"references":["azurerm_resource_group.rg"]},"sku_name":{"constant_value":"standard"},"soft_delete_retention_days":{"constant_value":7},"tenant_id":{"references":["data.azurerm_client_config.current"]}},"schema_version":2,"raw_data":{"FileName":"main.tf","StartLine":14,"EndLine":40}},{"address":"azurerm_key_vault_access_policy.eset-disk","mode":"managed","type":"azurerm_key_vault_access_policy","name":"eset-disk","provider_config_key":"azurerm","expressions":{"key_permissions":{"constant_value":["Get","WrapKey","UnwrapKey"]},"key_vault_id":{"references":["azurerm_key_vault.kv"]},"object_id":{"references":["azurerm_disk_encryption_set.eset"]},"tenant_id":{"references":["azurerm_disk_encryption_set.eset"]}},"schema_version":0,"raw_data":{"FileName":"main.tf","StartLine":69,"EndLine":80}},{"address":"azurerm_key_vault_key.key","mode":"managed","type":"azurerm_key_vault_key","name":"key","provider_config_key":"azurerm","expressions":{"key_opts":{"constant_value":["decrypt","encrypt","sign","unwrapKey","verify","wrapKey"]},"key_size":{"constant_value":2048},"key_type":{"constant_value":"RSA"},"key_vault_id":{"references":["azurerm_key_vault.kv"]},"name":{"references":["local.resource_prefix"]}},"schema_version":0,"raw_data":{"FileName":"main.tf","StartLine":42,"EndLine":56}},{"address":"azurerm_managed_disk.disk","mode":"managed","type":"azurerm_managed_disk","name":"disk","provider_config_key":"azurerm","expressions":{"create_option":{"constant_value":"Empty"},"disk_encryption_set_id":{"references":["azurerm_disk_encryption_set.eset"]},"disk_size_gb":{"constant_value":"5"},"location":{"references":["azurerm_resource_group.rg"]},"name":{"references":["local.resource_prefix"]},"resource_group_name":{"references":["azurerm_resource_group.rg"]},"storage_account_type":{"constant_value":"Standard_LRS"}},"schema_version":0,"raw_data":{"FileName":"main.tf","StartLine":82,"EndLine":92}},{"address":"azurerm_resource_group.rg","mode":"managed","type":"azurerm_resource_group","name":"rg","provider_config_key":"azurerm","expressions":{"location":{"constant_value":"West Europe"},"name":{"references":["local.resource_prefix"]}},"schema_version":0,"raw_data":{"FileName":"main.tf","StartLine":9,"EndLine":12}},{"address":"data.azurerm_client_config.current","mode":"data","type":"azurerm_client_config","name":"current","provider_config_key":"azurerm","schema_version":0,"raw_data":{"FileName":"main.tf","StartLine":7,"EndLine":7}}]}}}
