{"format_version":"0.1","terraform_version":"0.12.29","planned_values":{"outputs":{"public-internet-sg-id":{"sensitive":false,"value":"module.public-vpc.aws_security_group.public-internet-sg.id"},"subnets-ids":{"sensitive":false,"value":["module.public-vpc.aws_subnet.public-subnet[0].id"]},"vpc-id":{"sensitive":false,"value":"module.public-vpc.aws_vpc.main.id"},"vpc-region":{"sensitive":false,"value":"us-east-1"}},"root_module":{"resources":[{"address":"aws_sqs_queue.test-queue","mode":"managed","type":"aws_sqs_queue","name":"test-queue","provider_name":"aws","schema_version":0,"values":{"content_based_deduplication":false,"delay_seconds":0,"fifo_queue":false,"kms_master_key_id":null,"max_message_size":262144,"message_retention_seconds":345600,"name":"test-queue","name_prefix":null,"receive_wait_time_seconds":0,"redrive_policy":null,"tags":null,"visibility_timeout_seconds":30}},{"address":"aws_vpc_endpoint.sqs-vpc-endpoint","mode":"managed","type":"aws_vpc_endpoint","name":"sqs-vpc-endpoint","provider_name":"aws","schema_version":0,"values":{"auto_accept":null,"private_dns_enabled":true,"security_group_ids":["module.public-vpc.aws_security_group.public-internet-sg.id"],"service_name":"com.amazonaws.us-east-1.sqs","subnet_ids":["module.public-vpc.aws_subnet.public-subnet[0].id"],"tags":null,"timeouts":null,"vpc_endpoint_type":"Interface","vpc_id":"module.public-vpc.aws_vpc.main.id"}}],"child_modules":[{"resources":[{"address":"module.public-vpc.aws_instance.test-ec2-instance[0]","mode":"managed","type":"aws_instance","name":"test-ec2-instance","index":0,"provider_name":"aws","schema_version":1,"values":{"ami":"ami-09943f9da1f1b7899","credit_specification":[],"disable_api_termination":null,"ebs_optimized":null,"get_password_data":false,"hibernation":null,"iam_instance_profile":null,"instance_initiated_shutdown_behavior":null,"instance_type":"t2.micro","monitoring":null,"source_dest_check":true,"subnet_id":"module.public-vpc.aws_subnet.public-subnet[0].id","tags":{"Name":"test-ec2-instance-0"},"timeouts":null,"user_data":null,"user_data_base64":null,"volume_tags":null,"vpc_security_group_ids":["module.public-vpc.aws_security_group.public-internet-sg.id"]}},{"address":"module.public-vpc.aws_internet_gateway.igw","mode":"managed","type":"aws_internet_gateway","name":"igw","provider_name":"aws","schema_version":0,"values":{"tags":null,"vpc_id":"module.public-vpc.aws_vpc.main.id"}},{"address":"module.public-vpc.aws_route_table.public-rtb","mode":"managed","type":"aws_route_table","name":"public-rtb","provider_name":"aws","schema_version":0,"values":{"route":[{"cidr_block":"0.0.0.0/0","egress_only_gateway_id":"","gateway_id":"module.public-vpc.aws_internet_gateway.igw.id","instance_id":"","ipv6_cidr_block":"","local_gateway_id":"","nat_gateway_id":"","network_interface_id":"","transit_gateway_id":"","vpc_endpoint_id":"","vpc_peering_connection_id":""}],"tags":{"Name":"public-rtb"},"vpc_id":"module.public-vpc.aws_vpc.main.id"}},{"address":"module.public-vpc.aws_route_table_association.public-rtb-assoc[0]","mode":"managed","type":"aws_route_table_association","name":"public-rtb-assoc","index":0,"provider_name":"aws","schema_version":0,"values":{"gateway_id":null,"route_table_id":"module.public-vpc.aws_route_table.public-rtb.id","subnet_id":"module.public-vpc.aws_subnet.public-subnet[0].id"}},{"address":"module.public-vpc.aws_security_group.public-internet-sg","mode":"managed","type":"aws_security_group","name":"public-internet-sg","provider_name":"aws","schema_version":1,"values":{"description":"Allow all local traffic with internet access","egress":[{"cidr_blocks":["0.0.0.0/0"],"description":"","from_port":0,"ipv6_cidr_blocks":[],"prefix_list_ids":[],"protocol":"-1","security_groups":[],"self":false,"to_port":0}],"ingress":[{"cidr_blocks":["0.0.0.0/0"],"description":"","from_port":0,"ipv6_cidr_blocks":[],"prefix_list_ids":[],"protocol":"-1","security_groups":[],"self":false,"to_port":0}],"name":"public-internet-sg","revoke_rules_on_delete":false,"tags":null,"timeouts":null,"vpc_id":"module.public-vpc.aws_vpc.main.id"}},{"address":"module.public-vpc.aws_subnet.public-subnet[0]","mode":"managed","type":"aws_subnet","name":"public-subnet","index":0,"provider_name":"aws","schema_version":1,"values":{"assign_ipv6_address_on_creation":false,"availability_zone":"us-east-1a","cidr_block":"172.16.0.0/24","customer_owned_ipv4_pool":null,"ipv6_cidr_block":null,"map_customer_owned_ip_on_launch":null,"map_public_ip_on_launch":false,"outpost_arn":null,"tags":{"Name":"public-subnet-0"},"timeouts":null,"vpc_id":"module.public-vpc.aws_vpc.main.id"}},{"address":"module.public-vpc.aws_vpc.main","mode":"managed","type":"aws_vpc","name":"main","provider_name":"aws","schema_version":1,"values":{"assign_generated_ipv6_cidr_block":false,"cidr_block":"172.16.0.0/16","enable_dns_support":true,"instance_tenancy":"default","tags":null}}],"address":"module.public-vpc"}]}},"resource_changes":[{"address":"aws_sqs_queue.test-queue","mode":"managed","type":"aws_sqs_queue","name":"test-queue","provider_name":"aws","change":{"actions":["create"],"before":null,"after":{"content_based_deduplication":false,"delay_seconds":0,"fifo_queue":false,"kms_master_key_id":null,"max_message_size":262144,"message_retention_seconds":345600,"name":"test-queue","name_prefix":null,"receive_wait_time_seconds":0,"redrive_policy":null,"tags":null,"visibility_timeout_seconds":30},"after_unknown":{"arn":true,"id":true,"kms_data_key_reuse_period_seconds":true,"policy":true}}},{"address":"aws_vpc_endpoint.sqs-vpc-endpoint","mode":"managed","type":"aws_vpc_endpoint","name":"sqs-vpc-endpoint","provider_name":"aws","change":{"actions":["create"],"before":null,"after":{"auto_accept":null,"private_dns_enabled":true,"security_group_ids":["module.public-vpc.aws_security_group.public-internet-sg.id"],"service_name":"com.amazonaws.us-east-1.sqs","subnet_ids":["module.public-vpc.aws_subnet.public-subnet[0].id"],"tags":null,"timeouts":null,"vpc_endpoint_type":"Interface","vpc_id":"module.public-vpc.aws_vpc.main.id"},"after_unknown":{"arn":true,"cidr_blocks":true,"dns_entry":true,"id":true,"network_interface_ids":true,"owner_id":true,"policy":true,"prefix_list_id":true,"requester_managed":true,"route_table_ids":true,"security_group_ids":[false],"state":true,"subnet_ids":[false]}}},{"address":"module.public-vpc.aws_instance.test-ec2-instance[0]","module_address":"module.public-vpc","mode":"managed","type":"aws_instance","name":"test-ec2-instance","index":0,"provider_name":"aws","change":{"actions":["create"],"before":null,"after":{"ami":"ami-09943f9da1f1b7899","credit_specification":[],"disable_api_termination":null,"ebs_optimized":null,"get_password_data":false,"hibernation":null,"iam_instance_profile":null,"instance_initiated_shutdown_behavior":null,"instance_type":"t2.micro","monitoring":null,"source_dest_check":true,"subnet_id":"module.public-vpc.aws_subnet.public-subnet[0].id","tags":{"Name":"test-ec2-instance-0"},"timeouts":null,"user_data":null,"user_data_base64":null,"volume_tags":null,"vpc_security_group_ids":["module.public-vpc.aws_security_group.public-internet-sg.id"]},"after_unknown":{"arn":true,"associate_public_ip_address":true,"availability_zone":true,"cpu_core_count":true,"cpu_threads_per_core":true,"credit_specification":[],"ebs_block_device":true,"enclave_options":true,"ephemeral_block_device":true,"host_id":true,"id":true,"instance_state":true,"ipv6_address_count":true,"ipv6_addresses":true,"key_name":true,"metadata_options":true,"network_interface":true,"outpost_arn":true,"password_data":true,"placement_group":true,"primary_network_interface_id":true,"private_dns":true,"private_ip":true,"public_dns":true,"public_ip":true,"root_block_device":true,"secondary_private_ips":true,"security_groups":true,"tags":{},"tenancy":true,"vpc_security_group_ids":[false]}}},{"address":"module.public-vpc.aws_internet_gateway.igw","module_address":"module.public-vpc","mode":"managed","type":"aws_internet_gateway","name":"igw","provider_name":"aws","change":{"actions":["create"],"before":null,"after":{"tags":null,"vpc_id":"module.public-vpc.aws_vpc.main.id"},"after_unknown":{"arn":true,"id":true,"owner_id":true}}},{"address":"module.public-vpc.aws_route_table.public-rtb","module_address":"module.public-vpc","mode":"managed","type":"aws_route_table","name":"public-rtb","provider_name":"aws","change":{"actions":["create"],"before":null,"after":{"route":[{"cidr_block":"0.0.0.0/0","egress_only_gateway_id":"","gateway_id":"module.public-vpc.aws_internet_gateway.igw.id","instance_id":"","ipv6_cidr_block":"","local_gateway_id":"","nat_gateway_id":"","network_interface_id":"","transit_gateway_id":"","vpc_endpoint_id":"","vpc_peering_connection_id":""}],"tags":{"Name":"public-rtb"},"vpc_id":"module.public-vpc.aws_vpc.main.id"},"after_unknown":{"id":true,"owner_id":true,"propagating_vgws":true,"route":[{}],"tags":{}}}},{"address":"module.public-vpc.aws_route_table_association.public-rtb-assoc[0]","module_address":"module.public-vpc","mode":"managed","type":"aws_route_table_association","name":"public-rtb-assoc","index":0,"provider_name":"aws","change":{"actions":["create"],"before":null,"after":{"gateway_id":null,"route_table_id":"module.public-vpc.aws_route_table.public-rtb.id","subnet_id":"module.public-vpc.aws_subnet.public-subnet[0].id"},"after_unknown":{"id":true}}},{"address":"module.public-vpc.aws_security_group.public-internet-sg","module_address":"module.public-vpc","mode":"managed","type":"aws_security_group","name":"public-internet-sg","provider_name":"aws","change":{"actions":["create"],"before":null,"after":{"description":"Allow all local traffic with internet access","egress":[{"cidr_blocks":["0.0.0.0/0"],"description":"","from_port":0,"ipv6_cidr_blocks":[],"prefix_list_ids":[],"protocol":"-1","security_groups":[],"self":false,"to_port":0}],"ingress":[{"cidr_blocks":["0.0.0.0/0"],"description":"","from_port":0,"ipv6_cidr_blocks":[],"prefix_list_ids":[],"protocol":"-1","security_groups":[],"self":false,"to_port":0}],"name":"public-internet-sg","revoke_rules_on_delete":false,"tags":null,"timeouts":null,"vpc_id":"module.public-vpc.aws_vpc.main.id"},"after_unknown":{"arn":true,"egress":[{"cidr_blocks":[false],"ipv6_cidr_blocks":[],"prefix_list_ids":[],"security_groups":[]}],"id":true,"ingress":[{"cidr_blocks":[false],"ipv6_cidr_blocks":[],"prefix_list_ids":[],"security_groups":[]}],"name_prefix":true,"owner_id":true}}},{"address":"module.public-vpc.aws_subnet.public-subnet[0]","module_address":"module.public-vpc","mode":"managed","type":"aws_subnet","name":"public-subnet","index":0,"provider_name":"aws","change":{"actions":["create"],"before":null,"after":{"assign_ipv6_address_on_creation":false,"availability_zone":"us-east-1a","cidr_block":"172.16.0.0/24","customer_owned_ipv4_pool":null,"ipv6_cidr_block":null,"map_customer_owned_ip_on_launch":null,"map_public_ip_on_launch":false,"outpost_arn":null,"tags":{"Name":"public-subnet-0"},"timeouts":null,"vpc_id":"module.public-vpc.aws_vpc.main.id"},"after_unknown":{"arn":true,"availability_zone_id":true,"id":true,"ipv6_cidr_block_association_id":true,"owner_id":true,"tags":{}}}},{"address":"module.public-vpc.aws_vpc.main","module_address":"module.public-vpc","mode":"managed","type":"aws_vpc","name":"main","provider_name":"aws","change":{"actions":["create"],"before":null,"after":{"assign_generated_ipv6_cidr_block":false,"cidr_block":"172.16.0.0/16","enable_dns_support":true,"instance_tenancy":"default","tags":null},"after_unknown":{"arn":true,"default_network_acl_id":true,"default_route_table_id":true,"default_security_group_id":true,"dhcp_options_id":true,"enable_classiclink":true,"enable_classiclink_dns_support":true,"enable_dns_hostnames":true,"id":true,"ipv6_association_id":true,"ipv6_cidr_block":true,"main_route_table_id":true,"owner_id":true}}}],"output_changes":{"public-internet-sg-id":{"actions":["create"],"before":null,"after":"module.public-vpc.aws_security_group.public-internet-sg.id","after_unknown":false},"subnets-ids":{"actions":["create"],"before":null,"after":["module.public-vpc.aws_subnet.public-subnet[0].id"],"after_unknown":false},"vpc-id":{"actions":["create"],"before":null,"after":"module.public-vpc.aws_vpc.main.id","after_unknown":false},"vpc-region":{"actions":["create"],"before":null,"after":"us-east-1","after_unknown":false}},"prior_state":{"format_version":"0.1","terraform_version":"0.12.29","values":{"root_module":{"child_modules":[{"resources":[{"address":"data.aws_ami.ubuntu","mode":"data","type":"aws_ami","name":"ubuntu","provider_name":"aws","schema_version":0,"values":{"architecture":"x86_64","arn":"arn:aws:ec2:us-east-1::image/ami-09943f9da1f1b7899","block_device_mappings":[{"device_name":"/dev/sda1","ebs":{"delete_on_termination":"true","encrypted":"false","iops":"0","snapshot_id":"snap-00fc25e1e01269cd9","throughput":"0","volume_size":"8","volume_type":"gp2"},"no_device":"","virtual_name":""},{"device_name":"/dev/sdb","ebs":{},"no_device":"","virtual_name":"ephemeral0"},{"device_name":"/dev/sdc","ebs":{},"no_device":"","virtual_name":"ephemeral1"}],"creation_date":"2021-02-24T17:38:23.000Z","description":"Canonical, Ubuntu, 16.04 LTS, amd64 xenial image build on 2021-02-24","ena_support":true,"executable_users":null,"filter":[{"name":"name","values":["ubuntu/images/hvm-ssd/ubuntu-xenial-16.04-amd64-server-*"]},{"name":"virtualization-type","values":["hvm"]}],"hypervisor":"xen","id":"ami-09943f9da1f1b7899","image_id":"ami-09943f9da1f1b7899","image_location":"099720109477/ubuntu/images/hvm-ssd/ubuntu-xenial-16.04-amd64-server-20210224","image_owner_alias":null,"image_type":"machine","kernel_id":null,"most_recent":true,"name":"ubuntu/images/hvm-ssd/ubuntu-xenial-16.04-amd64-server-20210224","name_regex":null,"owner_id":"099720109477","owners":["099720109477"],"platform":null,"platform_details":"Linux/UNIX","product_codes":[],"public":true,"ramdisk_id":null,"root_device_name":"/dev/sda1","root_device_type":"ebs","root_snapshot_id":"snap-00fc25e1e01269cd9","sriov_net_support":"simple","state":"available","state_reason":{"code":"UNSET","message":"UNSET"},"tags":{},"usage_operation":"RunInstances","virtualization_type":"hvm"}}],"address":"module.public-vpc"}]}}},"configuration":{"provider_config":{"aws":{"name":"aws","expressions":{"region":{"constant_value":"us-east-1"}}},"public-vpc:aws":{"name":"aws","module_address":"public-vpc","expressions":{"region":{"references":["var.vpc-region"]}}}},"root_module":{"resources":[{"address":"aws_sqs_queue.test-queue","mode":"managed","type":"aws_sqs_queue","name":"test-queue","provider_config_key":"aws","expressions":{"name":{"constant_value":"test-queue"}},"schema_version":0,"raw_data":{"FileName":"main.tf","StartLine":19,"EndLine":21}},{"address":"aws_vpc_endpoint.sqs-vpc-endpoint","mode":"managed","type":"aws_vpc_endpoint","name":"sqs-vpc-endpoint","provider_config_key":"aws","expressions":{"private_dns_enabled":{"constant_value":true},"security_group_ids":{"references":["module.public-vpc.public-internet-sg-id"]},"service_name":{"references":["module.public-vpc.vpc-region"]},"subnet_ids":{"references":["module.public-vpc.subnets-ids"]},"vpc_endpoint_type":{"constant_value":"Interface"},"vpc_id":{"references":["module.public-vpc.vpc-id"]}},"schema_version":0,"raw_data":{"FileName":"main.tf","StartLine":10,"EndLine":17}}],"module_calls":{"public-vpc":{"source":"../../../../terraform-tests-modules/public-vpc","expressions":{"all-subnets-azs":{"constant_value":["a"]}},"module":{"outputs":{"public-internet-sg-id":{"expression":{"references":["aws_security_group.public-internet-sg"]}},"subnets-ids":{"expression":{"references":["aws_subnet.public-subnet"]}},"vpc-id":{"expression":{"references":["aws_vpc.main"]}},"vpc-region":{"expression":{"references":["var.vpc-region"]}}},"resources":[{"address":"aws_instance.test-ec2-instance","mode":"managed","type":"aws_instance","name":"test-ec2-instance","provider_config_key":"public-vpc:aws","expressions":{"ami":{"references":["data.aws_ami.ubuntu"]},"instance_type":{"constant_value":"t2.micro"},"subnet_id":{"references":["aws_subnet.public-subnet","count.index"]},"tags":{"references":["count.index"]},"vpc_security_group_ids":{"references":["aws_security_group.public-internet-sg"]}},"schema_version":1,"count_expression":{"references":["var.all-subnets-azs"]},"raw_data":{"FileName":"../../../../terraform-tests-modules/public-vpc/main.tf","StartLine":80,"EndLine":89}},{"address":"aws_internet_gateway.igw","mode":"managed","type":"aws_internet_gateway","name":"igw","provider_config_key":"public-vpc:aws","expressions":{"vpc_id":{"references":["aws_vpc.main"]}},"schema_version":0,"raw_data":{"FileName":"../../../../terraform-tests-modules/public-vpc/main.tf","StartLine":91,"EndLine":93}},{"address":"aws_route_table.public-rtb","mode":"managed","type":"aws_route_table","name":"public-rtb","provider_config_key":"public-vpc:aws","expressions":{"tags":{"constant_value":{"Name":"public-rtb"}},"vpc_id":{"references":["aws_vpc.main"]}},"schema_version":0,"raw_data":{"FileName":"../../../../terraform-tests-modules/public-vpc/main.tf","StartLine":24,"EndLine":35}},{"address":"aws_route_table_association.public-rtb-assoc","mode":"managed","type":"aws_route_table_association","name":"public-rtb-assoc","provider_config_key":"public-vpc:aws","expressions":{"route_table_id":{"references":["aws_route_table.public-rtb"]},"subnet_id":{"references":["aws_subnet.public-subnet","count.index"]}},"schema_version":0,"count_expression":{"references":["var.all-subnets-azs"]},"raw_data":{"FileName":"../../../../terraform-tests-modules/public-vpc/main.tf","StartLine":37,"EndLine":41}},{"address":"aws_security_group.public-internet-sg","mode":"managed","type":"aws_security_group","name":"public-internet-sg","provider_config_key":"public-vpc:aws","expressions":{"description":{"constant_value":"Allow all local traffic with internet access"},"name":{"constant_value":"public-internet-sg"},"vpc_id":{"references":["aws_vpc.main"]}},"schema_version":1,"raw_data":{"FileName":"../../../../terraform-tests-modules/public-vpc/main.tf","StartLine":43,"EndLine":62}},{"address":"aws_subnet.public-subnet","mode":"managed","type":"aws_subnet","name":"public-subnet","provider_config_key":"public-vpc:aws","expressions":{"availability_zone":{"references":["var.vpc-region","var.all-subnets-azs","count.index"]},"cidr_block":{"references":["var.vpc-cidr","count.index"]},"tags":{"references":["count.index"]},"vpc_id":{"references":["aws_vpc.main"]}},"schema_version":1,"count_expression":{"references":["var.all-subnets-azs"]},"raw_data":{"FileName":"../../../../terraform-tests-modules/public-vpc/main.tf","StartLine":14,"EndLine":22}},{"address":"aws_vpc.main","mode":"managed","type":"aws_vpc","name":"main","provider_config_key":"public-vpc:aws","expressions":{"cidr_block":{"references":["var.vpc-cidr"]}},"schema_version":1,"raw_data":{"FileName":"../../../../terraform-tests-modules/public-vpc/main.tf","StartLine":10,"EndLine":12}},{"address":"data.aws_ami.ubuntu","mode":"data","type":"aws_ami","name":"ubuntu","provider_config_key":"public-vpc:aws","expressions":{"filter":[{"name":{"constant_value":"name"},"values":{"constant_value":["ubuntu/images/hvm-ssd/ubuntu-xenial-16.04-amd64-server-*"]}},{"name":{"constant_value":"virtualization-type"},"values":{"constant_value":["hvm"]}}],"most_recent":{"constant_value":true},"owners":{"constant_value":["099720109477"]}},"schema_version":0,"raw_data":{"FileName":"../../../../terraform-tests-modules/public-vpc/main.tf","StartLine":64,"EndLine":78}}],"variables":{"all-subnets-azs":{"default":["a","b","c"]},"vpc-cidr":{"default":"172.16.0.0/16"},"vpc-region":{"default":"us-east-1"}}},"raw_data":{"FileName":"main.tf","StartLine":5,"EndLine":8}}}}}}
