{"format_version":"0.1","terraform_version":"0.12.29","planned_values":{"root_module":{"resources":[{"address":"aws_ecs_cluster.ecs-cluster","mode":"managed","type":"aws_ecs_cluster","name":"ecs-cluster","provider_name":"aws","schema_version":0,"values":{"capacity_providers":null,"default_capacity_provider_strategy":[],"name":"ecs-cluster","tags":null}},{"address":"aws_ecs_service.web-server-service","mode":"managed","type":"aws_ecs_service","name":"web-server-service","provider_name":"aws","schema_version":0,"values":{"capacity_provider_strategy":[],"cluster":"aws_ecs_cluster.ecs-cluster.arn","deployment_circuit_breaker":[],"deployment_controller":[],"deployment_maximum_percent":200,"deployment_minimum_healthy_percent":100,"desired_count":1,"enable_ecs_managed_tags":false,"enable_execute_command":false,"force_new_deployment":null,"health_check_grace_period_seconds":null,"launch_type":"FARGATE","load_balancer":[{"container_name":"apache-web-server","container_port":80,"elb_name":null,"target_group_arn":"aws_lb_target_group.elb-tg.arn"}],"name":"web-server-service","network_configuration":[{"assign_public_ip":true,"security_groups":["aws_security_group.sg.id"],"subnets":["aws_subnet.public-subnet.id"]}],"ordered_placement_strategy":[],"placement_constraints":[],"propagate_tags":null,"scheduling_strategy":"REPLICA","service_registries":[],"tags":null,"task_definition":"aws_ecs_task_definition.web-server-task-definition.arn","timeouts":null,"wait_for_steady_state":false}},{"address":"aws_ecs_task_definition.web-server-task-definition","mode":"managed","type":"aws_ecs_task_definition","name":"web-server-task-definition","provider_name":"aws","schema_version":1,"values":{"container_definitions":"  [\n    {\n      \"name\": \"apache-web-server\",\n      \"image\": \"167389268608.dkr.ecr.us-east-1.amazonaws.com/apache-web-server:latest\",\n      \"essential\": true,\n      \"portMappings\": [\n        {\n          \"containerPort\": 80,\n          \"hostPort\": 80,\n          \"protocol\": \"tcp\"\n        }\n      ]\n    }\n  ]\n","cpu":"256","execution_role_arn":"aws_iam_service_linked_role.ecs.arn","family":"web-server-task","inference_accelerator":[],"ipc_mode":null,"memory":"512","network_mode":"awsvpc","pid_mode":null,"placement_constraints":[],"proxy_configuration":[],"requires_compatibilities":["FARGATE"],"tags":null,"task_role_arn":null,"volume":[]}},{"address":"aws_iam_service_linked_role.ecs","mode":"managed","type":"aws_iam_service_linked_role","name":"ecs","provider_name":"aws","schema_version":0,"values":{"aws_service_name":"elasticbeanstalk.amazonaws.com","custom_suffix":null,"description":null}},{"address":"aws_internet_gateway.igw","mode":"managed","type":"aws_internet_gateway","name":"igw","provider_name":"aws","schema_version":0,"values":{"tags":null,"vpc_id":"aws_vpc.test-vpc.id"}},{"address":"aws_lb.public-elb","mode":"managed","type":"aws_lb","name":"public-elb","provider_name":"aws","schema_version":0,"values":{"access_logs":[],"customer_owned_ipv4_pool":null,"drop_invalid_header_fields":null,"enable_cross_zone_load_balancing":false,"enable_deletion_protection":false,"enable_http2":null,"idle_timeout":null,"internal":false,"load_balancer_type":"network","name":"public-elb","name_prefix":null,"subnet_mapping":[],"subnets":["aws_subnet.public-subnet.id"],"tags":null,"timeouts":null}},{"address":"aws_lb_listener.test","mode":"managed","type":"aws_lb_listener","name":"test","provider_name":"aws","schema_version":0,"values":{"alpn_policy":null,"certificate_arn":null,"default_action":[{"authenticate_cognito":[],"authenticate_oidc":[],"fixed_response":[],"forward":[],"order":null,"redirect":[],"target_group_arn":"aws_lb_target_group.elb-tg.id","type":"forward"}],"load_balancer_arn":"aws_lb.public-elb.id","port":80,"protocol":"TCP","timeouts":null}},{"address":"aws_lb_target_group.elb-tg","mode":"managed","type":"aws_lb_target_group","name":"elb-tg","provider_name":"aws","schema_version":0,"values":{"deregistration_delay":300,"health_check":[{"enabled":null,"healthy_threshold":null,"interval":10,"matcher":null,"path":null,"port":"80","protocol":"TCP","timeout":null,"unhealthy_threshold":null}],"lambda_multi_value_headers_enabled":false,"name":"elb-tg","name_prefix":null,"port":80,"protocol":"TCP","proxy_protocol_v2":false,"slow_start":0,"stickiness":[],"tags":null,"target_type":"ip","vpc_id":"aws_vpc.test-vpc.id"}},{"address":"aws_network_acl.public-nacl","mode":"managed","type":"aws_network_acl","name":"public-nacl","provider_name":"aws","schema_version":0,"values":{"subnet_ids":["aws_subnet.public-subnet.id"],"tags":null,"vpc_id":"aws_vpc.test-vpc.id"}},{"address":"aws_network_acl_rule.inbound-rule","mode":"managed","type":"aws_network_acl_rule","name":"inbound-rule","provider_name":"aws","schema_version":0,"values":{"cidr_block":"0.0.0.0/0","egress":false,"from_port":80,"icmp_code":null,"icmp_type":null,"ipv6_cidr_block":null,"network_acl_id":"aws_network_acl.public-nacl.id","protocol":"tcp","rule_action":"allow","rule_number":100,"to_port":80}},{"address":"aws_network_acl_rule.outbound-rule","mode":"managed","type":"aws_network_acl_rule","name":"outbound-rule","provider_name":"aws","schema_version":0,"values":{"cidr_block":"0.0.0.0/0","egress":true,"from_port":0,"icmp_code":null,"icmp_type":null,"ipv6_cidr_block":null,"network_acl_id":"aws_network_acl.public-nacl.id","protocol":"-1","rule_action":"allow","rule_number":100,"to_port":0}},{"address":"aws_route.igw-route","mode":"managed","type":"aws_route","name":"igw-route","provider_name":"aws","schema_version":0,"values":{"carrier_gateway_id":null,"destination_cidr_block":"0.0.0.0/0","destination_ipv6_cidr_block":null,"destination_prefix_list_id":null,"egress_only_gateway_id":null,"gateway_id":"aws_internet_gateway.igw.id","local_gateway_id":null,"nat_gateway_id":null,"route_table_id":"aws_route_table.public-subnet-rt.id","timeouts":null,"transit_gateway_id":null,"vpc_endpoint_id":null,"vpc_peering_connection_id":null}},{"address":"aws_route_table.public-subnet-rt","mode":"managed","type":"aws_route_table","name":"public-subnet-rt","provider_name":"aws","schema_version":0,"values":{"tags":null,"vpc_id":"aws_vpc.test-vpc.id"}},{"address":"aws_route_table_association.public-subnet-rt-assoc","mode":"managed","type":"aws_route_table_association","name":"public-subnet-rt-assoc","provider_name":"aws","schema_version":0,"values":{"gateway_id":null,"route_table_id":"aws_route_table.public-subnet-rt.id","subnet_id":"aws_subnet.public-subnet.id"}},{"address":"aws_security_group.sg","mode":"managed","type":"aws_security_group","name":"sg","provider_name":"aws","schema_version":1,"values":{"description":"Managed by Terraform","egress":[{"cidr_blocks":["0.0.0.0/0"],"description":null,"from_port":0,"ipv6_cidr_blocks":null,"prefix_list_ids":null,"protocol":"-1","security_groups":null,"self":null,"to_port":0}],"ingress":[{"cidr_blocks":["0.0.0.0/0"],"description":"mysql","from_port":80,"ipv6_cidr_blocks":null,"prefix_list_ids":null,"protocol":"tcp","security_groups":null,"self":null,"to_port":80}],"name":"sg","revoke_rules_on_delete":false,"tags":null,"timeouts":null,"vpc_id":"aws_vpc.test-vpc.id"}},{"address":"aws_subnet.public-subnet","mode":"managed","type":"aws_subnet","name":"public-subnet","provider_name":"aws","schema_version":1,"values":{"assign_ipv6_address_on_creation":false,"availability_zone":"us-east-1a","cidr_block":"192.168.10.0/24","customer_owned_ipv4_pool":null,"ipv6_cidr_block":null,"map_customer_owned_ip_on_launch":null,"map_public_ip_on_launch":false,"outpost_arn":null,"tags":null,"timeouts":null,"vpc_id":"aws_vpc.test-vpc.id"}},{"address":"aws_vpc.test-vpc","mode":"managed","type":"aws_vpc","name":"test-vpc","provider_name":"aws","schema_version":1,"values":{"assign_generated_ipv6_cidr_block":false,"cidr_block":"192.168.10.0/24","enable_dns_support":true,"instance_tenancy":"default","tags":null}},{"address":"data.aws_ecs_container_definition.container-definition","mode":"data","type":"aws_ecs_container_definition","name":"container-definition","provider_name":"aws","schema_version":0,"values":{"container_name":"apache-web-server","task_definition":"aws_ecs_task_definition.web-server-task-definition.id"}},{"address":"data.aws_ecs_container_definition.web-server-container","mode":"data","type":"aws_ecs_container_definition","name":"web-server-container","provider_name":"aws","schema_version":0,"values":{"container_name":"apache-web-server","task_definition":"aws_ecs_task_definition.web-server-task-definition.id"}}]}},"resource_changes":[{"address":"aws_ecs_cluster.ecs-cluster","mode":"managed","type":"aws_ecs_cluster","name":"ecs-cluster","provider_name":"aws","change":{"actions":["create"],"before":null,"after":{"capacity_providers":null,"default_capacity_provider_strategy":[],"name":"ecs-cluster","tags":null},"after_unknown":{"arn":true,"default_capacity_provider_strategy":[],"id":true,"setting":true}}},{"address":"aws_ecs_service.web-server-service","mode":"managed","type":"aws_ecs_service","name":"web-server-service","provider_name":"aws","change":{"actions":["create"],"before":null,"after":{"capacity_provider_strategy":[],"cluster":"aws_ecs_cluster.ecs-cluster.arn","deployment_circuit_breaker":[],"deployment_controller":[],"deployment_maximum_percent":200,"deployment_minimum_healthy_percent":100,"desired_count":1,"enable_ecs_managed_tags":false,"enable_execute_command":false,"force_new_deployment":null,"health_check_grace_period_seconds":null,"launch_type":"FARGATE","load_balancer":[{"container_name":"apache-web-server","container_port":80,"elb_name":null,"target_group_arn":"aws_lb_target_group.elb-tg.arn"}],"name":"web-server-service","network_configuration":[{"assign_public_ip":true,"security_groups":["aws_security_group.sg.id"],"subnets":["aws_subnet.public-subnet.id"]}],"ordered_placement_strategy":[],"placement_constraints":[],"propagate_tags":null,"scheduling_strategy":"REPLICA","service_registries":[],"tags":null,"task_definition":"aws_ecs_task_definition.web-server-task-definition.arn","timeouts":null,"wait_for_steady_state":false},"after_unknown":{"capacity_provider_strategy":[],"deployment_circuit_breaker":[],"deployment_controller":[],"iam_role":true,"id":true,"load_balancer":[{}],"network_configuration":[{"security_groups":[false],"subnets":[false]}],"ordered_placement_strategy":[],"placement_constraints":[],"platform_version":true,"service_registries":[]}}},{"address":"aws_ecs_task_definition.web-server-task-definition","mode":"managed","type":"aws_ecs_task_definition","name":"web-server-task-definition","provider_name":"aws","change":{"actions":["create"],"before":null,"after":{"container_definitions":"  [\n    {\n      \"name\": \"apache-web-server\",\n      \"image\": \"167389268608.dkr.ecr.us-east-1.amazonaws.com/apache-web-server:latest\",\n      \"essential\": true,\n      \"portMappings\": [\n        {\n          \"containerPort\": 80,\n          \"hostPort\": 80,\n          \"protocol\": \"tcp\"\n        }\n      ]\n    }\n  ]\n","cpu":"256","execution_role_arn":"aws_iam_service_linked_role.ecs.arn","family":"web-server-task","inference_accelerator":[],"ipc_mode":null,"memory":"512","network_mode":"awsvpc","pid_mode":null,"placement_constraints":[],"proxy_configuration":[],"requires_compatibilities":["FARGATE"],"tags":null,"task_role_arn":null,"volume":[]},"after_unknown":{"arn":true,"id":true,"inference_accelerator":[],"placement_constraints":[],"proxy_configuration":[],"requires_compatibilities":[false],"revision":true,"volume":[]}}},{"address":"aws_iam_service_linked_role.ecs","mode":"managed","type":"aws_iam_service_linked_role","name":"ecs","provider_name":"aws","change":{"actions":["create"],"before":null,"after":{"aws_service_name":"elasticbeanstalk.amazonaws.com","custom_suffix":null,"description":null},"after_unknown":{"arn":true,"create_date":true,"id":true,"name":true,"path":true,"unique_id":true}}},{"address":"aws_internet_gateway.igw","mode":"managed","type":"aws_internet_gateway","name":"igw","provider_name":"aws","change":{"actions":["create"],"before":null,"after":{"tags":null,"vpc_id":"aws_vpc.test-vpc.id"},"after_unknown":{"arn":true,"id":true,"owner_id":true}}},{"address":"aws_lb.public-elb","mode":"managed","type":"aws_lb","name":"public-elb","provider_name":"aws","change":{"actions":["create"],"before":null,"after":{"access_logs":[],"customer_owned_ipv4_pool":null,"drop_invalid_header_fields":null,"enable_cross_zone_load_balancing":false,"enable_deletion_protection":false,"enable_http2":null,"idle_timeout":null,"internal":false,"load_balancer_type":"network","name":"public-elb","name_prefix":null,"subnet_mapping":[],"subnets":["aws_subnet.public-subnet.id"],"tags":null,"timeouts":null},"after_unknown":{"access_logs":[],"arn":true,"arn_suffix":true,"dns_name":true,"id":true,"ip_address_type":true,"security_groups":true,"subnet_mapping":[],"subnets":[false],"vpc_id":true,"zone_id":true}}},{"address":"aws_lb_listener.test","mode":"managed","type":"aws_lb_listener","name":"test","provider_name":"aws","change":{"actions":["create"],"before":null,"after":{"alpn_policy":null,"certificate_arn":null,"default_action":[{"authenticate_cognito":[],"authenticate_oidc":[],"fixed_response":[],"forward":[],"order":null,"redirect":[],"target_group_arn":"aws_lb_target_group.elb-tg.id","type":"forward"}],"load_balancer_arn":"aws_lb.public-elb.id","port":80,"protocol":"TCP","timeouts":null},"after_unknown":{"arn":true,"default_action":[{"authenticate_cognito":[],"authenticate_oidc":[],"fixed_response":[],"forward":[],"redirect":[]}],"id":true,"ssl_policy":true}}},{"address":"aws_lb_target_group.elb-tg","mode":"managed","type":"aws_lb_target_group","name":"elb-tg","provider_name":"aws","change":{"actions":["create"],"before":null,"after":{"deregistration_delay":300,"health_check":[{"enabled":null,"healthy_threshold":null,"interval":10,"matcher":null,"path":null,"port":"80","protocol":"TCP","timeout":null,"unhealthy_threshold":null}],"lambda_multi_value_headers_enabled":false,"name":"elb-tg","name_prefix":null,"port":80,"protocol":"TCP","proxy_protocol_v2":false,"slow_start":0,"stickiness":[],"tags":null,"target_type":"ip","vpc_id":"aws_vpc.test-vpc.id"},"after_unknown":{"arn":true,"arn_suffix":true,"health_check":[{}],"id":true,"load_balancing_algorithm_type":true,"preserve_client_ip":true,"protocol_version":true,"stickiness":[]}}},{"address":"aws_network_acl.public-nacl","mode":"managed","type":"aws_network_acl","name":"public-nacl","provider_name":"aws","change":{"actions":["create"],"before":null,"after":{"subnet_ids":["aws_subnet.public-subnet.id"],"tags":null,"vpc_id":"aws_vpc.test-vpc.id"},"after_unknown":{"arn":true,"egress":true,"id":true,"ingress":true,"owner_id":true,"subnet_ids":[false]}}},{"address":"aws_network_acl_rule.inbound-rule","mode":"managed","type":"aws_network_acl_rule","name":"inbound-rule","provider_name":"aws","change":{"actions":["create"],"before":null,"after":{"cidr_block":"0.0.0.0/0","egress":false,"from_port":80,"icmp_code":null,"icmp_type":null,"ipv6_cidr_block":null,"network_acl_id":"aws_network_acl.public-nacl.id","protocol":"tcp","rule_action":"allow","rule_number":100,"to_port":80},"after_unknown":{"id":true}}},{"address":"aws_network_acl_rule.outbound-rule","mode":"managed","type":"aws_network_acl_rule","name":"outbound-rule","provider_name":"aws","change":{"actions":["create"],"before":null,"after":{"cidr_block":"0.0.0.0/0","egress":true,"from_port":0,"icmp_code":null,"icmp_type":null,"ipv6_cidr_block":null,"network_acl_id":"aws_network_acl.public-nacl.id","protocol":"-1","rule_action":"allow","rule_number":100,"to_port":0},"after_unknown":{"id":true}}},{"address":"aws_route.igw-route","mode":"managed","type":"aws_route","name":"igw-route","provider_name":"aws","change":{"actions":["create"],"before":null,"after":{"carrier_gateway_id":null,"destination_cidr_block":"0.0.0.0/0","destination_ipv6_cidr_block":null,"destination_prefix_list_id":null,"egress_only_gateway_id":null,"gateway_id":"aws_internet_gateway.igw.id","local_gateway_id":null,"nat_gateway_id":null,"route_table_id":"aws_route_table.public-subnet-rt.id","timeouts":null,"transit_gateway_id":null,"vpc_endpoint_id":null,"vpc_peering_connection_id":null},"after_unknown":{"id":true,"instance_id":true,"instance_owner_id":true,"network_interface_id":true,"origin":true,"state":true}}},{"address":"aws_route_table.public-subnet-rt","mode":"managed","type":"aws_route_table","name":"public-subnet-rt","provider_name":"aws","change":{"actions":["create"],"before":null,"after":{"tags":null,"vpc_id":"aws_vpc.test-vpc.id"},"after_unknown":{"arn":true,"id":true,"owner_id":true,"propagating_vgws":true,"route":true}}},{"address":"aws_route_table_association.public-subnet-rt-assoc","mode":"managed","type":"aws_route_table_association","name":"public-subnet-rt-assoc","provider_name":"aws","change":{"actions":["create"],"before":null,"after":{"gateway_id":null,"route_table_id":"aws_route_table.public-subnet-rt.id","subnet_id":"aws_subnet.public-subnet.id"},"after_unknown":{"id":true}}},{"address":"aws_security_group.sg","mode":"managed","type":"aws_security_group","name":"sg","provider_name":"aws","change":{"actions":["create"],"before":null,"after":{"description":"Managed by Terraform","egress":[{"cidr_blocks":["0.0.0.0/0"],"description":null,"from_port":0,"ipv6_cidr_blocks":null,"prefix_list_ids":null,"protocol":"-1","security_groups":null,"self":null,"to_port":0}],"ingress":[{"cidr_blocks":["0.0.0.0/0"],"description":"mysql","from_port":80,"ipv6_cidr_blocks":null,"prefix_list_ids":null,"protocol":"tcp","security_groups":null,"self":null,"to_port":80}],"name":"sg","revoke_rules_on_delete":false,"tags":null,"timeouts":null,"vpc_id":"aws_vpc.test-vpc.id"},"after_unknown":{"arn":true,"egress":[{"cidr_blocks":[false]}],"id":true,"ingress":[{"cidr_blocks":[false]}],"name_prefix":true,"owner_id":true}}},{"address":"aws_subnet.public-subnet","mode":"managed","type":"aws_subnet","name":"public-subnet","provider_name":"aws","change":{"actions":["create"],"before":null,"after":{"assign_ipv6_address_on_creation":false,"availability_zone":"us-east-1a","cidr_block":"192.168.10.0/24","customer_owned_ipv4_pool":null,"ipv6_cidr_block":null,"map_customer_owned_ip_on_launch":null,"map_public_ip_on_launch":false,"outpost_arn":null,"tags":null,"timeouts":null,"vpc_id":"aws_vpc.test-vpc.id"},"after_unknown":{"arn":true,"availability_zone_id":true,"id":true,"ipv6_cidr_block_association_id":true,"owner_id":true,"tags_all":true}}},{"address":"aws_vpc.test-vpc","mode":"managed","type":"aws_vpc","name":"test-vpc","provider_name":"aws","change":{"actions":["create"],"before":null,"after":{"assign_generated_ipv6_cidr_block":false,"cidr_block":"192.168.10.0/24","enable_dns_support":true,"instance_tenancy":"default","tags":null},"after_unknown":{"arn":true,"default_network_acl_id":true,"default_route_table_id":true,"default_security_group_id":true,"dhcp_options_id":true,"enable_classiclink":true,"enable_classiclink_dns_support":true,"enable_dns_hostnames":true,"id":true,"ipv6_association_id":true,"ipv6_cidr_block":true,"main_route_table_id":true,"owner_id":true,"tags_all":true}}},{"address":"data.aws_ecs_container_definition.container-definition","mode":"data","type":"aws_ecs_container_definition","name":"container-definition","provider_name":"aws","change":{"actions":["read"],"before":null,"after":{"container_name":"apache-web-server","task_definition":"aws_ecs_task_definition.web-server-task-definition.id"},"after_unknown":{"cpu":true,"disable_networking":true,"docker_labels":true,"environment":true,"id":true,"image":true,"image_digest":true,"memory":true,"memory_reservation":true}}},{"address":"data.aws_ecs_container_definition.web-server-container","mode":"data","type":"aws_ecs_container_definition","name":"web-server-container","provider_name":"aws","change":{"actions":["read"],"before":null,"after":{"container_name":"apache-web-server","task_definition":"aws_ecs_task_definition.web-server-task-definition.id"},"after_unknown":{"cpu":true,"disable_networking":true,"docker_labels":true,"environment":true,"id":true,"image":true,"image_digest":true,"memory":true,"memory_reservation":true}}}],"configuration":{"provider_config":{"aws":{"name":"aws","expressions":{"region":{"constant_value":"us-east-1"}}}},"root_module":{"resources":[{"address":"aws_ecs_cluster.ecs-cluster","mode":"managed","type":"aws_ecs_cluster","name":"ecs-cluster","provider_config_key":"aws","expressions":{"name":{"constant_value":"ecs-cluster"}},"schema_version":0,"raw_data":{"FileName":"main.tf","StartLine":87,"EndLine":89}},{"address":"aws_ecs_service.web-server-service","mode":"managed","type":"aws_ecs_service","name":"web-server-service","provider_config_key":"aws","expressions":{"cluster":{"references":["aws_ecs_cluster.ecs-cluster"]},"desired_count":{"constant_value":1},"launch_type":{"constant_value":"FARGATE"},"load_balancer":[{"container_name":{"references":["data.aws_ecs_container_definition.web-server-container"]},"container_port":{"constant_value":80},"target_group_arn":{"references":["aws_lb_target_group.elb-tg"]}}],"name":{"constant_value":"web-server-service"},"network_configuration":[{"assign_public_ip":{"constant_value":true},"security_groups":{"references":["aws_security_group.sg"]},"subnets":{"references":["aws_subnet.public-subnet"]}}],"task_definition":{"references":["aws_ecs_task_definition.web-server-task-definition"]}},"schema_version":0,"raw_data":{"FileName":"main.tf","StartLine":134,"EndLine":152}},{"address":"aws_ecs_task_definition.web-server-task-definition","mode":"managed","type":"aws_ecs_task_definition","name":"web-server-task-definition","provider_config_key":"aws","expressions":{"container_definitions":{"constant_value":"  [\n    {\n      \"name\": \"apache-web-server\",\n      \"image\": \"167389268608.dkr.ecr.us-east-1.amazonaws.com/apache-web-server:latest\",\n      \"essential\": true,\n      \"portMappings\": [\n        {\n          \"containerPort\": 80,\n          \"hostPort\": 80,\n          \"protocol\": \"tcp\"\n        }\n      ]\n    }\n  ]\n"},"cpu":{"constant_value":"256"},"execution_role_arn":{"references":["aws_iam_service_linked_role.ecs"]},"family":{"constant_value":"web-server-task"},"memory":{"constant_value":"512"},"network_mode":{"constant_value":"awsvpc"},"requires_compatibilities":{"constant_value":["FARGATE"]}},"schema_version":1,"raw_data":{"FileName":"main.tf","StartLine":96,"EndLine":119}},{"address":"aws_iam_service_linked_role.ecs","mode":"managed","type":"aws_iam_service_linked_role","name":"ecs","provider_config_key":"aws","expressions":{"aws_service_name":{"constant_value":"elasticbeanstalk.amazonaws.com"}},"schema_version":0,"raw_data":{"FileName":"main.tf","StartLine":182,"EndLine":184}},{"address":"aws_internet_gateway.igw","mode":"managed","type":"aws_internet_gateway","name":"igw","provider_config_key":"aws","expressions":{"vpc_id":{"references":["aws_vpc.test-vpc"]}},"schema_version":0,"raw_data":{"FileName":"main.tf","StartLine":46,"EndLine":48}},{"address":"aws_lb.public-elb","mode":"managed","type":"aws_lb","name":"public-elb","provider_config_key":"aws","expressions":{"internal":{"constant_value":false},"load_balancer_type":{"constant_value":"network"},"name":{"constant_value":"public-elb"},"subnets":{"references":["aws_subnet.public-subnet"]}},"schema_version":0,"raw_data":{"FileName":"main.tf","StartLine":126,"EndLine":132}},{"address":"aws_lb_listener.test","mode":"managed","type":"aws_lb_listener","name":"test","provider_config_key":"aws","expressions":{"default_action":[{"target_group_arn":{"references":["aws_lb_target_group.elb-tg"]},"type":{"constant_value":"forward"}}],"load_balancer_arn":{"references":["aws_lb.public-elb"]},"port":{"constant_value":80},"protocol":{"constant_value":"TCP"}},"schema_version":0,"raw_data":{"FileName":"main.tf","StartLine":170,"EndLine":179}},{"address":"aws_lb_target_group.elb-tg","mode":"managed","type":"aws_lb_target_group","name":"elb-tg","provider_config_key":"aws","expressions":{"health_check":[{"interval":{"constant_value":10},"port":{"constant_value":80},"protocol":{"constant_value":"TCP"}}],"name":{"constant_value":"elb-tg"},"port":{"constant_value":80},"protocol":{"constant_value":"TCP"},"target_type":{"constant_value":"ip"},"vpc_id":{"references":["aws_vpc.test-vpc"]}},"schema_version":0,"raw_data":{"FileName":"main.tf","StartLine":154,"EndLine":168}},{"address":"aws_network_acl.public-nacl","mode":"managed","type":"aws_network_acl","name":"public-nacl","provider_config_key":"aws","expressions":{"subnet_ids":{"references":["aws_subnet.public-subnet"]},"vpc_id":{"references":["aws_vpc.test-vpc"]}},"schema_version":0,"raw_data":{"FileName":"main.tf","StartLine":19,"EndLine":22}},{"address":"aws_network_acl_rule.inbound-rule","mode":"managed","type":"aws_network_acl_rule","name":"inbound-rule","provider_config_key":"aws","expressions":{"cidr_block":{"constant_value":"0.0.0.0/0"},"egress":{"constant_value":false},"from_port":{"references":["local.http_port"]},"network_acl_id":{"references":["aws_network_acl.public-nacl"]},"protocol":{"constant_value":"tcp"},"rule_action":{"constant_value":"allow"},"rule_number":{"constant_value":100},"to_port":{"references":["local.http_port"]}},"schema_version":0,"raw_data":{"FileName":"main.tf","StartLine":24,"EndLine":33}},{"address":"aws_network_acl_rule.outbound-rule","mode":"managed","type":"aws_network_acl_rule","name":"outbound-rule","provider_config_key":"aws","expressions":{"cidr_block":{"constant_value":"0.0.0.0/0"},"egress":{"constant_value":true},"from_port":{"constant_value":0},"network_acl_id":{"references":["aws_network_acl.public-nacl"]},"protocol":{"constant_value":-1},"rule_action":{"constant_value":"allow"},"rule_number":{"constant_value":100},"to_port":{"constant_value":0}},"schema_version":0,"raw_data":{"FileName":"main.tf","StartLine":35,"EndLine":44}},{"address":"aws_route.igw-route","mode":"managed","type":"aws_route","name":"igw-route","provider_config_key":"aws","expressions":{"destination_cidr_block":{"constant_value":"0.0.0.0/0"},"gateway_id":{"references":["aws_internet_gateway.igw"]},"route_table_id":{"references":["aws_route_table.public-subnet-rt"]}},"schema_version":0,"raw_data":{"FileName":"main.tf","StartLine":54,"EndLine":58}},{"address":"aws_route_table.public-subnet-rt","mode":"managed","type":"aws_route_table","name":"public-subnet-rt","provider_config_key":"aws","expressions":{"vpc_id":{"references":["aws_vpc.test-vpc"]}},"schema_version":0,"raw_data":{"FileName":"main.tf","StartLine":50,"EndLine":52}},{"address":"aws_route_table_association.public-subnet-rt-assoc","mode":"managed","type":"aws_route_table_association","name":"public-subnet-rt-assoc","provider_config_key":"aws","expressions":{"route_table_id":{"references":["aws_route_table.public-subnet-rt"]},"subnet_id":{"references":["aws_subnet.public-subnet"]}},"schema_version":0,"raw_data":{"FileName":"main.tf","StartLine":60,"EndLine":63}},{"address":"aws_security_group.sg","mode":"managed","type":"aws_security_group","name":"sg","provider_config_key":"aws","expressions":{"name":{"constant_value":"sg"},"vpc_id":{"references":["aws_vpc.test-vpc"]}},"schema_version":1,"raw_data":{"FileName":"main.tf","StartLine":66,"EndLine":85}},{"address":"aws_subnet.public-subnet","mode":"managed","type":"aws_subnet","name":"public-subnet","provider_config_key":"aws","expressions":{"availability_zone":{"constant_value":"us-east-1a"},"cidr_block":{"constant_value":"192.168.10.0/24"},"vpc_id":{"references":["aws_vpc.test-vpc"]}},"schema_version":1,"raw_data":{"FileName":"main.tf","StartLine":13,"EndLine":17}},{"address":"aws_vpc.test-vpc","mode":"managed","type":"aws_vpc","name":"test-vpc","provider_config_key":"aws","expressions":{"cidr_block":{"constant_value":"192.168.10.0/24"}},"schema_version":1,"raw_data":{"FileName":"main.tf","StartLine":9,"EndLine":11}},{"address":"data.aws_ecs_container_definition.container-definition","mode":"data","type":"aws_ecs_container_definition","name":"container-definition","provider_config_key":"aws","expressions":{"container_name":{"constant_value":"apache-web-server"},"task_definition":{"references":["aws_ecs_task_definition.web-server-task-definition"]}},"schema_version":0,"raw_data":{"FileName":"main.tf","StartLine":121,"EndLine":124}},{"address":"data.aws_ecs_container_definition.web-server-container","mode":"data","type":"aws_ecs_container_definition","name":"web-server-container","provider_config_key":"aws","expressions":{"container_name":{"constant_value":"apache-web-server"},"task_definition":{"references":["aws_ecs_task_definition.web-server-task-definition"]}},"schema_version":0,"raw_data":{"FileName":"main.tf","StartLine":91,"EndLine":94}}]}}}
