{"format_version":"0.1","terraform_version":"0.14.6","planned_values":{"root_module":{"resources":[{"address":"aws_vpc.east","mode":"managed","type":"aws_vpc","name":"east","provider_name":"registry.terraform.io/hashicorp/aws","schema_version":1,"values":{"assign_generated_ipv6_cidr_block":false,"cidr_block":"172.25.0.0/16","enable_dns_support":true,"instance_tenancy":"default","tags":{"Name":"east1"},"tags_all":{"Name":"east1"}}}],"child_modules":[{"resources":[{"address":"module.vpc_module.aws_vpc.east","mode":"managed","type":"aws_vpc","name":"east","provider_name":"registry.terraform.io/hashicorp/aws","schema_version":1,"values":{"assign_generated_ipv6_cidr_block":false,"cidr_block":"172.24.0.0/16","enable_dns_support":true,"instance_tenancy":"default","tags":{"Name":"vpc_module-east2"},"tags_all":{"Name":"vpc_module-east2"}}}],"address":"module.vpc_module","child_modules":[{"resources":[{"address":"module.vpc_module.module.nested_vpc_module.aws_vpc.east","mode":"managed","type":"aws_vpc","name":"east","provider_name":"registry.terraform.io/hashicorp/aws","schema_version":1,"values":{"assign_generated_ipv6_cidr_block":false,"cidr_block":"172.27.0.0/16","enable_dns_support":true,"instance_tenancy":"default","tags":{"Name":"nested_vpc_module-east2"},"tags_all":{"Name":"nested_vpc_module-east2"}}},{"address":"module.vpc_module.module.nested_vpc_module.aws_vpc.west","mode":"managed","type":"aws_vpc","name":"west","provider_name":"registry.terraform.io/hashicorp/aws","schema_version":1,"values":{"assign_generated_ipv6_cidr_block":false,"cidr_block":"172.28.0.0/16","enable_dns_support":true,"instance_tenancy":"default","tags":{"Name":"nested_vpc_module-west"},"tags_all":{"Name":"nested_vpc_module-west"}}}],"address":"module.vpc_module.module.nested_vpc_module"}]}]}},"resource_changes":[{"address":"aws_vpc.east","mode":"managed","type":"aws_vpc","name":"east","provider_name":"registry.terraform.io/hashicorp/aws","change":{"actions":["create"],"before":null,"after":{"assign_generated_ipv6_cidr_block":false,"cidr_block":"172.25.0.0/16","enable_dns_support":true,"instance_tenancy":"default","tags":{"Name":"east1"},"tags_all":{"Name":"east1"}},"after_unknown":{"arn":true,"default_network_acl_id":true,"default_route_table_id":true,"default_security_group_id":true,"dhcp_options_id":true,"enable_classiclink":true,"enable_classiclink_dns_support":true,"enable_dns_hostnames":true,"id":true,"ipv6_association_id":true,"ipv6_cidr_block":true,"main_route_table_id":true,"owner_id":true,"tags":{},"tags_all":{}}}},{"address":"module.vpc_module.aws_vpc.east","module_address":"module.vpc_module","mode":"managed","type":"aws_vpc","name":"east","provider_name":"registry.terraform.io/hashicorp/aws","change":{"actions":["create"],"before":null,"after":{"assign_generated_ipv6_cidr_block":false,"cidr_block":"172.24.0.0/16","enable_dns_support":true,"instance_tenancy":"default","tags":{"Name":"vpc_module-east2"},"tags_all":{"Name":"vpc_module-east2"}},"after_unknown":{"arn":true,"default_network_acl_id":true,"default_route_table_id":true,"default_security_group_id":true,"dhcp_options_id":true,"enable_classiclink":true,"enable_classiclink_dns_support":true,"enable_dns_hostnames":true,"id":true,"ipv6_association_id":true,"ipv6_cidr_block":true,"main_route_table_id":true,"owner_id":true,"tags":{},"tags_all":{}}}},{"address":"module.vpc_module.module.nested_vpc_module.aws_vpc.east","module_address":"module.vpc_module.module.nested_vpc_module","mode":"managed","type":"aws_vpc","name":"east","provider_name":"registry.terraform.io/hashicorp/aws","change":{"actions":["create"],"before":null,"after":{"assign_generated_ipv6_cidr_block":false,"cidr_block":"172.27.0.0/16","enable_dns_support":true,"instance_tenancy":"default","tags":{"Name":"nested_vpc_module-east2"},"tags_all":{"Name":"nested_vpc_module-east2"}},"after_unknown":{"arn":true,"default_network_acl_id":true,"default_route_table_id":true,"default_security_group_id":true,"dhcp_options_id":true,"enable_classiclink":true,"enable_classiclink_dns_support":true,"enable_dns_hostnames":true,"id":true,"ipv6_association_id":true,"ipv6_cidr_block":true,"main_route_table_id":true,"owner_id":true,"tags":{},"tags_all":{}}}},{"address":"module.vpc_module.module.nested_vpc_module.aws_vpc.west","module_address":"module.vpc_module.module.nested_vpc_module","mode":"managed","type":"aws_vpc","name":"west","provider_name":"registry.terraform.io/hashicorp/aws","change":{"actions":["create"],"before":null,"after":{"assign_generated_ipv6_cidr_block":false,"cidr_block":"172.28.0.0/16","enable_dns_support":true,"instance_tenancy":"default","tags":{"Name":"nested_vpc_module-west"},"tags_all":{"Name":"nested_vpc_module-west"}},"after_unknown":{"arn":true,"default_network_acl_id":true,"default_route_table_id":true,"default_security_group_id":true,"dhcp_options_id":true,"enable_classiclink":true,"enable_classiclink_dns_support":true,"enable_dns_hostnames":true,"id":true,"ipv6_association_id":true,"ipv6_cidr_block":true,"main_route_table_id":true,"owner_id":true,"tags":{},"tags_all":{}}}}],"configuration":{"provider_config":{"module.vpc_module.module.nested_vpc_module:aws.west":{"name":"aws","alias":"west","module_address":"module.vpc_module.module.nested_vpc_module","expressions":{"region":{"constant_value":"us-west-1"}}},"module.vpc_module:aws":{"name":"aws","module_address":"module.vpc_module","expressions":{"region":{"constant_value":"us-east-2"}}}},"root_module":{"resources":[{"address":"aws_vpc.east","mode":"managed","type":"aws_vpc","name":"east","provider_config_key":"aws","expressions":{"cidr_block":{"constant_value":"172.25.0.0/16"},"tags":{"constant_value":{"Name":"east1"}}},"schema_version":1,"raw_data":{"FileName":"main.tf","StartLine":5,"EndLine":11}}],"module_calls":{"vpc_module":{"source":"./modules/vpc_module","module":{"resources":[{"address":"aws_vpc.east","mode":"managed","type":"aws_vpc","name":"east","provider_config_key":"vpc_module:aws","expressions":{"cidr_block":{"constant_value":"172.24.0.0/16"},"tags":{"constant_value":{"Name":"vpc_module-east2"}}},"schema_version":1,"raw_data":{"FileName":"modules/vpc_module/main.tf","StartLine":9,"EndLine":14}}],"module_calls":{"nested_vpc_module":{"source":"../nested_vpc_module","module":{"resources":[{"address":"aws_vpc.east","mode":"managed","type":"aws_vpc","name":"east","provider_config_key":"nested_vpc_module:aws","expressions":{"cidr_block":{"constant_value":"172.27.0.0/16"},"tags":{"constant_value":{"Name":"nested_vpc_module-east2"}}},"schema_version":1,"raw_data":{"FileName":"modules/nested_vpc_module/main.tf","StartLine":6,"EndLine":11}},{"address":"aws_vpc.west","mode":"managed","type":"aws_vpc","name":"west","provider_config_key":"nested_vpc_module:aws.west","expressions":{"cidr_block":{"constant_value":"172.28.0.0/16"},"tags":{"constant_value":{"Name":"nested_vpc_module-west"}}},"schema_version":1,"raw_data":{"FileName":"modules/nested_vpc_module/main.tf","StartLine":13,"EndLine":19}}]},"raw_data":{"FileName":"modules/vpc_module/main.tf","StartLine":5,"EndLine":7}}}},"raw_data":{"FileName":"main.tf","StartLine":1,"EndLine":3}}}}}}
