{"format_version":"0.1","terraform_version":"0.14.6","planned_values":{"root_module":{"resources":[{"address":"aws_ecs_cluster.test","mode":"managed","type":"aws_ecs_cluster","name":"test","provider_name":"registry.terraform.io/hashicorp/aws","schema_version":0,"values":{"capacity_providers":null,"configuration":[],"default_capacity_provider_strategy":[],"name":"ecs-insights-test","setting":[{"name":"containerInsights","value":"disabled"}],"tags":null}}]}},"resource_changes":[{"address":"aws_ecs_cluster.test","mode":"managed","type":"aws_ecs_cluster","name":"test","provider_name":"registry.terraform.io/hashicorp/aws","change":{"actions":["create"],"before":null,"after":{"capacity_providers":null,"configuration":[],"default_capacity_provider_strategy":[],"name":"ecs-insights-test","setting":[{"name":"containerInsights","value":"disabled"}],"tags":null},"after_unknown":{"arn":true,"configuration":[],"default_capacity_provider_strategy":[],"id":true,"setting":[{}],"tags_all":true}}}],"configuration":{"root_module":{"resources":[{"address":"aws_ecs_cluster.test","mode":"managed","type":"aws_ecs_cluster","name":"test","provider_config_key":"aws","expressions":{"name":{"constant_value":"ecs-insights-test"},"setting":[{"name":{"constant_value":"containerInsights"},"value":{"constant_value":"disabled"}}]},"schema_version":0,"raw_data":{"FileName":"main.tf","StartLine":2,"EndLine":9}}]}}}
