{"format_version":"0.1","terraform_version":"0.13.4","planned_values":{"root_module":{"resources":[{"address":"aws_dms_replication_instance.test","mode":"managed","type":"aws_dms_replication_instance","name":"test","provider_name":"registry.terraform.io/hashicorp/aws","schema_version":0,"values":{"allocated_storage":20,"allow_major_version_upgrade":null,"apply_immediately":true,"auto_minor_version_upgrade":true,"preferred_maintenance_window":"sun:10:30-sun:14:30","publicly_accessible":false,"replication_instance_class":"dms.t2.micro","replication_instance_id":"test-dms-replication-instance-tf","tags":{"Name":"test"},"tags_all":{"Name":"test"},"timeouts":null}},{"address":"aws_iam_role.dms-access-for-endpoint","mode":"managed","type":"aws_iam_role","name":"dms-access-for-endpoint","provider_name":"registry.terraform.io/hashicorp/aws","schema_version":0,"values":{"assume_role_policy":"{\n  \"Version\": \"2012-10-17\",\n  \"Statement\": [\n    {\n      \"Sid\": \"\",\n      \"Effect\": \"Allow\",\n      \"Action\": \"sts:AssumeRole\",\n      \"Principal\": {\n        \"Service\": \"dms.amazonaws.com\"\n      }\n    }\n  ]\n}","description":null,"force_detach_policies":false,"inline_policy":[],"max_session_duration":3600,"name":"dms-access-for-endpoint","name_prefix":null,"path":"/","permissions_boundary":null,"tags":null}},{"address":"aws_iam_role.dms-cloudwatch-logs-role","mode":"managed","type":"aws_iam_role","name":"dms-cloudwatch-logs-role","provider_name":"registry.terraform.io/hashicorp/aws","schema_version":0,"values":{"assume_role_policy":"{\n  \"Version\": \"2012-10-17\",\n  \"Statement\": [\n    {\n      \"Sid\": \"\",\n      \"Effect\": \"Allow\",\n      \"Action\": \"sts:AssumeRole\",\n      \"Principal\": {\n        \"Service\": \"dms.amazonaws.com\"\n      }\n    }\n  ]\n}","description":null,"force_detach_policies":false,"inline_policy":[],"max_session_duration":3600,"name":"dms-cloudwatch-logs-role","name_prefix":null,"path":"/","permissions_boundary":null,"tags":null}},{"address":"aws_iam_role.dms-vpc-role","mode":"managed","type":"aws_iam_role","name":"dms-vpc-role","provider_name":"registry.terraform.io/hashicorp/aws","schema_version":0,"values":{"assume_role_policy":"{\n  \"Version\": \"2012-10-17\",\n  \"Statement\": [\n    {\n      \"Sid\": \"\",\n      \"Effect\": \"Allow\",\n      \"Action\": \"sts:AssumeRole\",\n      \"Principal\": {\n        \"Service\": \"dms.amazonaws.com\"\n      }\n    }\n  ]\n}","description":null,"force_detach_policies":false,"inline_policy":[],"max_session_duration":3600,"name":"dms-vpc-role","name_prefix":null,"path":"/","permissions_boundary":null,"tags":null}},{"address":"aws_iam_role_policy_attachment.dms-access-for-endpoint-AmazonDMSRedshiftS3Role","mode":"managed","type":"aws_iam_role_policy_attachment","name":"dms-access-for-endpoint-AmazonDMSRedshiftS3Role","provider_name":"registry.terraform.io/hashicorp/aws","schema_version":0,"values":{"policy_arn":"arn:aws:iam::aws:policy/service-role/AmazonDMSRedshiftS3Role","role":"dms-access-for-endpoint"}},{"address":"aws_iam_role_policy_attachment.dms-cloudwatch-logs-role-AmazonDMSCloudWatchLogsRole","mode":"managed","type":"aws_iam_role_policy_attachment","name":"dms-cloudwatch-logs-role-AmazonDMSCloudWatchLogsRole","provider_name":"registry.terraform.io/hashicorp/aws","schema_version":0,"values":{"policy_arn":"arn:aws:iam::aws:policy/service-role/AmazonDMSCloudWatchLogsRole","role":"dms-cloudwatch-logs-role"}},{"address":"aws_iam_role_policy_attachment.dms-vpc-role-AmazonDMSVPCManagementRole","mode":"managed","type":"aws_iam_role_policy_attachment","name":"dms-vpc-role-AmazonDMSVPCManagementRole","provider_name":"registry.terraform.io/hashicorp/aws","schema_version":0,"values":{"policy_arn":"arn:aws:iam::aws:policy/service-role/AmazonDMSVPCManagementRole","role":"dms-vpc-role"}},{"address":"time_sleep.wait_30_seconds","mode":"managed","type":"time_sleep","name":"wait_30_seconds","provider_name":"registry.terraform.io/hashicorp/time","schema_version":0,"values":{"create_duration":"30s","destroy_duration":null,"triggers":null}}]}},"resource_changes":[{"address":"aws_dms_replication_instance.test","mode":"managed","type":"aws_dms_replication_instance","name":"test","provider_name":"registry.terraform.io/hashicorp/aws","change":{"actions":["create"],"before":null,"after":{"allocated_storage":20,"allow_major_version_upgrade":null,"apply_immediately":true,"auto_minor_version_upgrade":true,"preferred_maintenance_window":"sun:10:30-sun:14:30","publicly_accessible":false,"replication_instance_class":"dms.t2.micro","replication_instance_id":"test-dms-replication-instance-tf","tags":{"Name":"test"},"tags_all":{"Name":"test"},"timeouts":null},"after_unknown":{"availability_zone":true,"engine_version":true,"id":true,"kms_key_arn":true,"multi_az":true,"replication_instance_arn":true,"replication_instance_private_ips":true,"replication_instance_public_ips":true,"replication_subnet_group_id":true,"tags":{},"tags_all":{},"vpc_security_group_ids":true}}},{"address":"aws_iam_role.dms-access-for-endpoint","mode":"managed","type":"aws_iam_role","name":"dms-access-for-endpoint","provider_name":"registry.terraform.io/hashicorp/aws","change":{"actions":["create"],"before":null,"after":{"assume_role_policy":"{\n  \"Version\": \"2012-10-17\",\n  \"Statement\": [\n    {\n      \"Sid\": \"\",\n      \"Effect\": \"Allow\",\n      \"Action\": \"sts:AssumeRole\",\n      \"Principal\": {\n        \"Service\": \"dms.amazonaws.com\"\n      }\n    }\n  ]\n}","description":null,"force_detach_policies":false,"inline_policy":[],"max_session_duration":3600,"name":"dms-access-for-endpoint","name_prefix":null,"path":"/","permissions_boundary":null,"tags":null},"after_unknown":{"arn":true,"create_date":true,"id":true,"inline_policy":[],"managed_policy_arns":true,"tags_all":true,"unique_id":true}}},{"address":"aws_iam_role.dms-cloudwatch-logs-role","mode":"managed","type":"aws_iam_role","name":"dms-cloudwatch-logs-role","provider_name":"registry.terraform.io/hashicorp/aws","change":{"actions":["create"],"before":null,"after":{"assume_role_policy":"{\n  \"Version\": \"2012-10-17\",\n  \"Statement\": [\n    {\n      \"Sid\": \"\",\n      \"Effect\": \"Allow\",\n      \"Action\": \"sts:AssumeRole\",\n      \"Principal\": {\n        \"Service\": \"dms.amazonaws.com\"\n      }\n    }\n  ]\n}","description":null,"force_detach_policies":false,"inline_policy":[],"max_session_duration":3600,"name":"dms-cloudwatch-logs-role","name_prefix":null,"path":"/","permissions_boundary":null,"tags":null},"after_unknown":{"arn":true,"create_date":true,"id":true,"inline_policy":[],"managed_policy_arns":true,"tags_all":true,"unique_id":true}}},{"address":"aws_iam_role.dms-vpc-role","mode":"managed","type":"aws_iam_role","name":"dms-vpc-role","provider_name":"registry.terraform.io/hashicorp/aws","change":{"actions":["create"],"before":null,"after":{"assume_role_policy":"{\n  \"Version\": \"2012-10-17\",\n  \"Statement\": [\n    {\n      \"Sid\": \"\",\n      \"Effect\": \"Allow\",\n      \"Action\": \"sts:AssumeRole\",\n      \"Principal\": {\n        \"Service\": \"dms.amazonaws.com\"\n      }\n    }\n  ]\n}","description":null,"force_detach_policies":false,"inline_policy":[],"max_session_duration":3600,"name":"dms-vpc-role","name_prefix":null,"path":"/","permissions_boundary":null,"tags":null},"after_unknown":{"arn":true,"create_date":true,"id":true,"inline_policy":[],"managed_policy_arns":true,"tags_all":true,"unique_id":true}}},{"address":"aws_iam_role_policy_attachment.dms-access-for-endpoint-AmazonDMSRedshiftS3Role","mode":"managed","type":"aws_iam_role_policy_attachment","name":"dms-access-for-endpoint-AmazonDMSRedshiftS3Role","provider_name":"registry.terraform.io/hashicorp/aws","change":{"actions":["create"],"before":null,"after":{"policy_arn":"arn:aws:iam::aws:policy/service-role/AmazonDMSRedshiftS3Role","role":"dms-access-for-endpoint"},"after_unknown":{"id":true}}},{"address":"aws_iam_role_policy_attachment.dms-cloudwatch-logs-role-AmazonDMSCloudWatchLogsRole","mode":"managed","type":"aws_iam_role_policy_attachment","name":"dms-cloudwatch-logs-role-AmazonDMSCloudWatchLogsRole","provider_name":"registry.terraform.io/hashicorp/aws","change":{"actions":["create"],"before":null,"after":{"policy_arn":"arn:aws:iam::aws:policy/service-role/AmazonDMSCloudWatchLogsRole","role":"dms-cloudwatch-logs-role"},"after_unknown":{"id":true}}},{"address":"aws_iam_role_policy_attachment.dms-vpc-role-AmazonDMSVPCManagementRole","mode":"managed","type":"aws_iam_role_policy_attachment","name":"dms-vpc-role-AmazonDMSVPCManagementRole","provider_name":"registry.terraform.io/hashicorp/aws","change":{"actions":["create"],"before":null,"after":{"policy_arn":"arn:aws:iam::aws:policy/service-role/AmazonDMSVPCManagementRole","role":"dms-vpc-role"},"after_unknown":{"id":true}}},{"address":"time_sleep.wait_30_seconds","mode":"managed","type":"time_sleep","name":"wait_30_seconds","provider_name":"registry.terraform.io/hashicorp/time","change":{"actions":["create"],"before":null,"after":{"create_duration":"30s","destroy_duration":null,"triggers":null},"after_unknown":{"id":true}}}],"prior_state":{"format_version":"0.1","terraform_version":"0.13.4","values":{"root_module":{"resources":[{"address":"data.aws_iam_policy_document.dms_assume_role","mode":"data","type":"aws_iam_policy_document","name":"dms_assume_role","provider_name":"registry.terraform.io/hashicorp/aws","schema_version":0,"values":{"id":"838930504","json":"{\n  \"Version\": \"2012-10-17\",\n  \"Statement\": [\n    {\n      \"Sid\": \"\",\n      \"Effect\": \"Allow\",\n      \"Action\": \"sts:AssumeRole\",\n      \"Principal\": {\n        \"Service\": \"dms.amazonaws.com\"\n      }\n    }\n  ]\n}","override_json":null,"override_policy_documents":null,"policy_id":null,"source_json":null,"source_policy_documents":null,"statement":[{"actions":["sts:AssumeRole"],"condition":[],"effect":"Allow","not_actions":[],"not_principals":[],"not_resources":[],"principals":[{"identifiers":["dms.amazonaws.com"],"type":"Service"}],"resources":[],"sid":""}],"version":"2012-10-17"}}]}}},"configuration":{"provider_config":{"aws":{"name":"aws","expressions":{"region":{"constant_value":"us-east-1"}}}},"root_module":{"resources":[{"address":"aws_dms_replication_instance.test","mode":"managed","type":"aws_dms_replication_instance","name":"test","provider_config_key":"aws","expressions":{"allocated_storage":{"constant_value":20},"apply_immediately":{"constant_value":true},"auto_minor_version_upgrade":{"constant_value":true},"preferred_maintenance_window":{"constant_value":"sun:10:30-sun:14:30"},"publicly_accessible":{"constant_value":false},"replication_instance_class":{"constant_value":"dms.t2.micro"},"replication_instance_id":{"constant_value":"test-dms-replication-instance-tf"},"tags":{"constant_value":{"Name":"test"}}},"schema_version":0,"depends_on":["time_sleep.wait_30_seconds"],"raw_data":{"FileName":"main.tf","StartLine":47,"EndLine":60}},{"address":"aws_iam_role.dms-access-for-endpoint","mode":"managed","type":"aws_iam_role","name":"dms-access-for-endpoint","provider_config_key":"aws","expressions":{"assume_role_policy":{"references":["data.aws_iam_policy_document.dms_assume_role"]},"name":{"constant_value":"dms-access-for-endpoint"}},"schema_version":0,"raw_data":{"FileName":"main.tf","StartLine":12,"EndLine":15}},{"address":"aws_iam_role.dms-cloudwatch-logs-role","mode":"managed","type":"aws_iam_role","name":"dms-cloudwatch-logs-role","provider_config_key":"aws","expressions":{"assume_role_policy":{"references":["data.aws_iam_policy_document.dms_assume_role"]},"name":{"constant_value":"dms-cloudwatch-logs-role"}},"schema_version":0,"raw_data":{"FileName":"main.tf","StartLine":22,"EndLine":25}},{"address":"aws_iam_role.dms-vpc-role","mode":"managed","type":"aws_iam_role","name":"dms-vpc-role","provider_config_key":"aws","expressions":{"assume_role_policy":{"references":["data.aws_iam_policy_document.dms_assume_role"]},"name":{"constant_value":"dms-vpc-role"}},"schema_version":0,"raw_data":{"FileName":"main.tf","StartLine":32,"EndLine":35}},{"address":"aws_iam_role_policy_attachment.dms-access-for-endpoint-AmazonDMSRedshiftS3Role","mode":"managed","type":"aws_iam_role_policy_attachment","name":"dms-access-for-endpoint-AmazonDMSRedshiftS3Role","provider_config_key":"aws","expressions":{"policy_arn":{"constant_value":"arn:aws:iam::aws:policy/service-role/AmazonDMSRedshiftS3Role"},"role":{"references":["aws_iam_role.dms-access-for-endpoint"]}},"schema_version":0,"raw_data":{"FileName":"main.tf","StartLine":17,"EndLine":20}},{"address":"aws_iam_role_policy_attachment.dms-cloudwatch-logs-role-AmazonDMSCloudWatchLogsRole","mode":"managed","type":"aws_iam_role_policy_attachment","name":"dms-cloudwatch-logs-role-AmazonDMSCloudWatchLogsRole","provider_config_key":"aws","expressions":{"policy_arn":{"constant_value":"arn:aws:iam::aws:policy/service-role/AmazonDMSCloudWatchLogsRole"},"role":{"references":["aws_iam_role.dms-cloudwatch-logs-role"]}},"schema_version":0,"raw_data":{"FileName":"main.tf","StartLine":27,"EndLine":30}},{"address":"aws_iam_role_policy_attachment.dms-vpc-role-AmazonDMSVPCManagementRole","mode":"managed","type":"aws_iam_role_policy_attachment","name":"dms-vpc-role-AmazonDMSVPCManagementRole","provider_config_key":"aws","expressions":{"policy_arn":{"constant_value":"arn:aws:iam::aws:policy/service-role/AmazonDMSVPCManagementRole"},"role":{"references":["aws_iam_role.dms-vpc-role"]}},"schema_version":0,"raw_data":{"FileName":"main.tf","StartLine":37,"EndLine":40}},{"address":"time_sleep.wait_30_seconds","mode":"managed","type":"time_sleep","name":"wait_30_seconds","provider_config_key":"time","expressions":{"create_duration":{"constant_value":"30s"}},"schema_version":0,"depends_on":["aws_iam_role.dms-vpc-role"],"raw_data":{"FileName":"main.tf","StartLine":42,"EndLine":45}},{"address":"data.aws_iam_policy_document.dms_assume_role","mode":"data","type":"aws_iam_policy_document","name":"dms_assume_role","provider_config_key":"aws","expressions":{"statement":[{"actions":{"constant_value":["sts:AssumeRole"]},"principals":[{"identifiers":{"constant_value":["dms.amazonaws.com"]},"type":{"constant_value":"Service"}}]}]},"schema_version":0,"raw_data":{"FileName":"main.tf","StartLine":1,"EndLine":10}}]}}}
