{"format_version":"0.1","terraform_version":"0.12.29","planned_values":{"root_module":{"resources":[{"address":"aws_sns_topic.test","mode":"managed","type":"aws_sns_topic","name":"test","provider_name":"aws","schema_version":0,"values":{"application_failure_feedback_role_arn":null,"application_success_feedback_role_arn":null,"application_success_feedback_sample_rate":null,"delivery_policy":null,"display_name":null,"http_failure_feedback_role_arn":null,"http_success_feedback_role_arn":null,"http_success_feedback_sample_rate":null,"kms_master_key_id":"arn:aws:kms:us-east-1:115553109071:key/71c966cb-d299-4d22-9ed6-5e6620ca4ad9","lambda_failure_feedback_role_arn":null,"lambda_success_feedback_role_arn":null,"lambda_success_feedback_sample_rate":null,"name":"sns_ecnrypted","name_prefix":null,"sqs_failure_feedback_role_arn":null,"sqs_success_feedback_role_arn":null,"sqs_success_feedback_sample_rate":null,"tags":null}}]}},"resource_changes":[{"address":"aws_sns_topic.test","mode":"managed","type":"aws_sns_topic","name":"test","provider_name":"aws","change":{"actions":["create"],"before":null,"after":{"application_failure_feedback_role_arn":null,"application_success_feedback_role_arn":null,"application_success_feedback_sample_rate":null,"delivery_policy":null,"display_name":null,"http_failure_feedback_role_arn":null,"http_success_feedback_role_arn":null,"http_success_feedback_sample_rate":null,"kms_master_key_id":"arn:aws:kms:us-east-1:115553109071:key/71c966cb-d299-4d22-9ed6-5e6620ca4ad9","lambda_failure_feedback_role_arn":null,"lambda_success_feedback_role_arn":null,"lambda_success_feedback_sample_rate":null,"name":"sns_ecnrypted","name_prefix":null,"sqs_failure_feedback_role_arn":null,"sqs_success_feedback_role_arn":null,"sqs_success_feedback_sample_rate":null,"tags":null},"after_unknown":{"arn":true,"id":true,"policy":true}}}],"prior_state":{"format_version":"0.1","terraform_version":"0.12.29","values":{"root_module":{"resources":[{"address":"data.aws_kms_key.by_alias","mode":"data","type":"aws_kms_key","name":"by_alias","provider_name":"aws","schema_version":0,"values":{"arn":"arn:aws:kms:us-east-1:115553109071:key/71c966cb-d299-4d22-9ed6-5e6620ca4ad9","aws_account_id":"115553109071","creation_date":"2021-01-24T22:56:33Z","customer_master_key_spec":"SYMMETRIC_DEFAULT","deletion_date":null,"description":"KMS key for SNS","enabled":true,"expiration_model":"","grant_tokens":null,"id":"71c966cb-d299-4d22-9ed6-5e6620ca4ad9","key_id":"alias/test-sns","key_manager":"CUSTOMER","key_state":"Enabled","key_usage":"ENCRYPT_DECRYPT","origin":"AWS_KMS","valid_to":null}}]}}},"configuration":{"provider_config":{"aws":{"name":"aws","expressions":{"region":{"constant_value":"us-east-1"}}}},"root_module":{"resources":[{"address":"aws_sns_topic.test","mode":"managed","type":"aws_sns_topic","name":"test","provider_config_key":"aws","expressions":{"kms_master_key_id":{"references":["data.aws_kms_key.by_alias"]},"name":{"constant_value":"sns_ecnrypted"}},"schema_version":0},{"address":"data.aws_kms_key.by_alias","mode":"data","type":"aws_kms_key","name":"by_alias","provider_config_key":"aws","expressions":{"key_id":{"constant_value":"alias/test-sns"}},"schema_version":0}]}}}
