{"format_version":"0.1","terraform_version":"0.14.6","variables":{"aws_region":{"value":"us-east-1"},"cidr_private":{"value":"10.0.2.0/24"},"cidr_public":{"value":"10.0.1.0/24"},"environment":{"value":"development"}},"planned_values":{"root_module":{"resources":[{"address":"aws_default_security_group.main","mode":"managed","type":"aws_default_security_group","name":"main","provider_name":"registry.terraform.io/hashicorp/aws","schema_version":1,"values":{"revoke_rules_on_delete":false,"tags":{"Environment":"development","Name":"development"},"tags_all":{"Environment":"development","Name":"development"},"vpc_id":"aws_vpc.main.id"}},{"address":"aws_eip.nat_gateway","mode":"managed","type":"aws_eip","name":"nat_gateway","provider_name":"registry.terraform.io/hashicorp/aws","schema_version":0,"values":{"address":null,"associate_with_private_ip":null,"customer_owned_ipv4_pool":null,"tags":{"Environment":"development","Name":"development-private-nat-gateway-elastic-ip"},"tags_all":{"Environment":"development","Name":"development-private-nat-gateway-elastic-ip"},"timeouts":null,"vpc":true}},{"address":"aws_instance.default","mode":"managed","type":"aws_instance","name":"default","provider_name":"registry.terraform.io/hashicorp/aws","schema_version":1,"values":{"ami":"ami-022d4249382309a48","capacity_reservation_specification":[],"credit_specification":[],"ebs_block_device":[],"enclave_options":[],"ephemeral_block_device":[],"get_password_data":false,"hibernation":null,"iam_instance_profile":null,"instance_type":"t2.nano","launch_template":[],"metadata_options":[],"network_interface":[{"delete_on_termination":null,"device_index":0,"network_interface_id":"aws_network_interface.default.id"}],"root_block_device":[],"source_dest_check":null,"tags":{"Environment":"development","Name":"development-default"},"tags_all":{"Environment":"development","Name":"development-default"},"timeouts":null,"volume_tags":null}},{"address":"aws_internet_gateway.public","mode":"managed","type":"aws_internet_gateway","name":"public","provider_name":"registry.terraform.io/hashicorp/aws","schema_version":0,"values":{"tags":{"Environment":"development","Name":"development-internet-gateway"},"tags_all":{"Environment":"development","Name":"development-internet-gateway"},"vpc_id":"aws_vpc.main.id"}},{"address":"aws_nat_gateway.private","mode":"managed","type":"aws_nat_gateway","name":"private","provider_name":"registry.terraform.io/hashicorp/aws","schema_version":0,"values":{"allocation_id":"aws_eip.nat_gateway.id","connectivity_type":"public","subnet_id":"aws_subnet.private.id","tags":{"Environment":"development","Name":"development-nat-gateway-private"},"tags_all":{"Environment":"development","Name":"development-nat-gateway-private"}}},{"address":"aws_network_interface.default","mode":"managed","type":"aws_network_interface","name":"default","provider_name":"registry.terraform.io/hashicorp/aws","schema_version":0,"values":{"attachment":[],"description":null,"security_groups":["aws_security_group.default_ec2.id"],"source_dest_check":true,"subnet_id":"aws_subnet.public.id","tags":{"Environment":"development","Name":"development-default-network-interface"},"tags_all":{"Environment":"development","Name":"development-default-network-interface"}}},{"address":"aws_route.private_internet_route","mode":"managed","type":"aws_route","name":"private_internet_route","provider_name":"registry.terraform.io/hashicorp/aws","schema_version":0,"values":{"carrier_gateway_id":null,"destination_cidr_block":"0.0.0.0/0","destination_ipv6_cidr_block":null,"destination_prefix_list_id":null,"egress_only_gateway_id":null,"gateway_id":null,"local_gateway_id":null,"nat_gateway_id":"aws_nat_gateway.private.id","route_table_id":"aws_route_table.private.id","timeouts":null,"transit_gateway_id":null,"vpc_endpoint_id":null,"vpc_peering_connection_id":null}},{"address":"aws_route.public_internet_route","mode":"managed","type":"aws_route","name":"public_internet_route","provider_name":"registry.terraform.io/hashicorp/aws","schema_version":0,"values":{"carrier_gateway_id":null,"destination_cidr_block":"0.0.0.0/0","destination_ipv6_cidr_block":null,"destination_prefix_list_id":null,"egress_only_gateway_id":null,"gateway_id":"aws_internet_gateway.public.id","local_gateway_id":null,"nat_gateway_id":null,"route_table_id":"aws_route_table.public.id","timeouts":null,"transit_gateway_id":null,"vpc_endpoint_id":null,"vpc_peering_connection_id":null}},{"address":"aws_route_table.private","mode":"managed","type":"aws_route_table","name":"private","provider_name":"registry.terraform.io/hashicorp/aws","schema_version":0,"values":{"tags":{"Environment":"development","Name":"development-route-table-private","Public":"false"},"tags_all":{"Environment":"development","Name":"development-route-table-private","Public":"false"},"timeouts":null,"vpc_id":"aws_vpc.main.id"}},{"address":"aws_route_table.public","mode":"managed","type":"aws_route_table","name":"public","provider_name":"registry.terraform.io/hashicorp/aws","schema_version":0,"values":{"tags":{"Environment":"development","Name":"development-route-table-public","Public":"true"},"tags_all":{"Environment":"development","Name":"development-route-table-public","Public":"true"},"timeouts":null,"vpc_id":"aws_vpc.main.id"}},{"address":"aws_route_table_association.private","mode":"managed","type":"aws_route_table_association","name":"private","provider_name":"registry.terraform.io/hashicorp/aws","schema_version":0,"values":{"gateway_id":null,"route_table_id":"aws_route_table.private.id","subnet_id":"aws_subnet.private.id"}},{"address":"aws_route_table_association.public","mode":"managed","type":"aws_route_table_association","name":"public","provider_name":"registry.terraform.io/hashicorp/aws","schema_version":0,"values":{"gateway_id":null,"route_table_id":"aws_route_table.public.id","subnet_id":"aws_subnet.public.id"}},{"address":"aws_security_group.default_ec2","mode":"managed","type":"aws_security_group","name":"default_ec2","provider_name":"registry.terraform.io/hashicorp/aws","schema_version":1,"values":{"description":"Managed by Terraform","name":"development-default-ec2-security-group","revoke_rules_on_delete":false,"tags":{"Environment":"development","Name":"development-default-ec2-security-group"},"tags_all":{"Environment":"development","Name":"development-default-ec2-security-group"},"timeouts":null,"vpc_id":"aws_vpc.main.id"}},{"address":"aws_security_group_rule.default_ec2_egress","mode":"managed","type":"aws_security_group_rule","name":"default_ec2_egress","provider_name":"registry.terraform.io/hashicorp/aws","schema_version":2,"values":{"cidr_blocks":["0.0.0.0/0"],"description":null,"from_port":0,"ipv6_cidr_blocks":["::/0"],"prefix_list_ids":null,"protocol":"-1","security_group_id":"aws_security_group.default_ec2.id","self":false,"to_port":0,"type":"egress"}},{"address":"aws_security_group_rule.default_ec2_ingress","mode":"managed","type":"aws_security_group_rule","name":"default_ec2_ingress","provider_name":"registry.terraform.io/hashicorp/aws","schema_version":2,"values":{"cidr_blocks":["0.0.0.0/0"],"description":null,"from_port":22,"ipv6_cidr_blocks":null,"prefix_list_ids":null,"protocol":"tcp","security_group_id":"aws_security_group.default_ec2.id","self":false,"to_port":22,"type":"ingress"}},{"address":"aws_subnet.private","mode":"managed","type":"aws_subnet","name":"private","provider_name":"registry.terraform.io/hashicorp/aws","schema_version":1,"values":{"assign_ipv6_address_on_creation":false,"cidr_block":"10.0.2.0/24","customer_owned_ipv4_pool":null,"ipv6_cidr_block":null,"map_customer_owned_ip_on_launch":null,"map_public_ip_on_launch":false,"outpost_arn":null,"tags":{"Environment":"development","Name":"development-private","Public":"false"},"tags_all":{"Environment":"development","Name":"development-private","Public":"false"},"timeouts":null,"vpc_id":"aws_vpc.main.id"}},{"address":"aws_subnet.public","mode":"managed","type":"aws_subnet","name":"public","provider_name":"registry.terraform.io/hashicorp/aws","schema_version":1,"values":{"assign_ipv6_address_on_creation":false,"cidr_block":"10.0.1.0/24","customer_owned_ipv4_pool":null,"ipv6_cidr_block":null,"map_customer_owned_ip_on_launch":null,"map_public_ip_on_launch":true,"outpost_arn":null,"tags":{"Environment":"development","Name":"development-public","Public":"true"},"tags_all":{"Environment":"development","Name":"development-public","Public":"true"},"timeouts":null,"vpc_id":"aws_vpc.main.id"}},{"address":"aws_vpc.main","mode":"managed","type":"aws_vpc","name":"main","provider_name":"registry.terraform.io/hashicorp/aws","schema_version":1,"values":{"assign_generated_ipv6_cidr_block":false,"cidr_block":"10.0.0.0/16","enable_dns_support":true,"instance_tenancy":"default","tags":{"Environment":"development","Name":"development"},"tags_all":{"Environment":"development","Name":"development"}}}]}},"resource_changes":[{"address":"aws_default_security_group.main","mode":"managed","type":"aws_default_security_group","name":"main","provider_name":"registry.terraform.io/hashicorp/aws","change":{"actions":["create"],"before":null,"after":{"revoke_rules_on_delete":false,"tags":{"Environment":"development","Name":"development"},"tags_all":{"Environment":"development","Name":"development"},"vpc_id":"aws_vpc.main.id"},"after_unknown":{"arn":true,"description":true,"egress":true,"id":true,"ingress":true,"name":true,"owner_id":true,"tags":{},"tags_all":{}}}},{"address":"aws_eip.nat_gateway","mode":"managed","type":"aws_eip","name":"nat_gateway","provider_name":"registry.terraform.io/hashicorp/aws","change":{"actions":["create"],"before":null,"after":{"address":null,"associate_with_private_ip":null,"customer_owned_ipv4_pool":null,"tags":{"Environment":"development","Name":"development-private-nat-gateway-elastic-ip"},"tags_all":{"Environment":"development","Name":"development-private-nat-gateway-elastic-ip"},"timeouts":null,"vpc":true},"after_unknown":{"allocation_id":true,"association_id":true,"carrier_ip":true,"customer_owned_ip":true,"domain":true,"id":true,"instance":true,"network_border_group":true,"network_interface":true,"private_dns":true,"private_ip":true,"public_dns":true,"public_ip":true,"public_ipv4_pool":true,"tags":{},"tags_all":{}}}},{"address":"aws_instance.default","mode":"managed","type":"aws_instance","name":"default","provider_name":"registry.terraform.io/hashicorp/aws","change":{"actions":["create"],"before":null,"after":{"ami":"ami-022d4249382309a48","capacity_reservation_specification":[],"credit_specification":[],"ebs_block_device":[],"enclave_options":[],"ephemeral_block_device":[],"get_password_data":false,"hibernation":null,"iam_instance_profile":null,"instance_type":"t2.nano","launch_template":[],"metadata_options":[],"network_interface":[{"delete_on_termination":null,"device_index":0,"network_interface_id":"aws_network_interface.default.id"}],"root_block_device":[],"source_dest_check":null,"tags":{"Environment":"development","Name":"development-default"},"tags_all":{"Environment":"development","Name":"development-default"},"timeouts":null,"volume_tags":null},"after_unknown":{"arn":true,"associate_public_ip_address":true,"availability_zone":true,"capacity_reservation_specification":[],"cpu_core_count":true,"cpu_threads_per_core":true,"credit_specification":[],"disable_api_termination":true,"ebs_block_device":[],"ebs_optimized":true,"enclave_options":[],"ephemeral_block_device":[],"host_id":true,"id":true,"instance_initiated_shutdown_behavior":true,"instance_state":true,"ipv6_address_count":true,"ipv6_addresses":true,"key_name":true,"launch_template":[],"metadata_options":[],"monitoring":true,"network_interface":[{}],"outpost_arn":true,"password_data":true,"placement_group":true,"placement_partition_number":true,"primary_network_interface_id":true,"private_dns":true,"private_ip":true,"public_dns":true,"public_ip":true,"root_block_device":[],"secondary_private_ips":true,"security_groups":true,"subnet_id":true,"tags":{},"tags_all":{},"tenancy":true,"user_data":true,"user_data_base64":true,"vpc_security_group_ids":true}}},{"address":"aws_internet_gateway.public","mode":"managed","type":"aws_internet_gateway","name":"public","provider_name":"registry.terraform.io/hashicorp/aws","change":{"actions":["create"],"before":null,"after":{"tags":{"Environment":"development","Name":"development-internet-gateway"},"tags_all":{"Environment":"development","Name":"development-internet-gateway"},"vpc_id":"aws_vpc.main.id"},"after_unknown":{"arn":true,"id":true,"owner_id":true,"tags":{},"tags_all":{}}}},{"address":"aws_nat_gateway.private","mode":"managed","type":"aws_nat_gateway","name":"private","provider_name":"registry.terraform.io/hashicorp/aws","change":{"actions":["create"],"before":null,"after":{"allocation_id":"aws_eip.nat_gateway.id","connectivity_type":"public","subnet_id":"aws_subnet.private.id","tags":{"Environment":"development","Name":"development-nat-gateway-private"},"tags_all":{"Environment":"development","Name":"development-nat-gateway-private"}},"after_unknown":{"id":true,"network_interface_id":true,"private_ip":true,"public_ip":true,"tags":{},"tags_all":{}}}},{"address":"aws_network_interface.default","mode":"managed","type":"aws_network_interface","name":"default","provider_name":"registry.terraform.io/hashicorp/aws","change":{"actions":["create"],"before":null,"after":{"attachment":[],"description":null,"security_groups":["aws_security_group.default_ec2.id"],"source_dest_check":true,"subnet_id":"aws_subnet.public.id","tags":{"Environment":"development","Name":"development-default-network-interface"},"tags_all":{"Environment":"development","Name":"development-default-network-interface"}},"after_unknown":{"arn":true,"attachment":[],"id":true,"interface_type":true,"ipv4_prefix_count":true,"ipv4_prefixes":true,"ipv6_address_count":true,"ipv6_addresses":true,"ipv6_prefix_count":true,"ipv6_prefixes":true,"mac_address":true,"outpost_arn":true,"owner_id":true,"private_dns_name":true,"private_ip":true,"private_ips":true,"private_ips_count":true,"security_groups":[false],"tags":{},"tags_all":{}}}},{"address":"aws_route.private_internet_route","mode":"managed","type":"aws_route","name":"private_internet_route","provider_name":"registry.terraform.io/hashicorp/aws","change":{"actions":["create"],"before":null,"after":{"carrier_gateway_id":null,"destination_cidr_block":"0.0.0.0/0","destination_ipv6_cidr_block":null,"destination_prefix_list_id":null,"egress_only_gateway_id":null,"gateway_id":null,"local_gateway_id":null,"nat_gateway_id":"aws_nat_gateway.private.id","route_table_id":"aws_route_table.private.id","timeouts":null,"transit_gateway_id":null,"vpc_endpoint_id":null,"vpc_peering_connection_id":null},"after_unknown":{"id":true,"instance_id":true,"instance_owner_id":true,"network_interface_id":true,"origin":true,"state":true}}},{"address":"aws_route.public_internet_route","mode":"managed","type":"aws_route","name":"public_internet_route","provider_name":"registry.terraform.io/hashicorp/aws","change":{"actions":["create"],"before":null,"after":{"carrier_gateway_id":null,"destination_cidr_block":"0.0.0.0/0","destination_ipv6_cidr_block":null,"destination_prefix_list_id":null,"egress_only_gateway_id":null,"gateway_id":"aws_internet_gateway.public.id","local_gateway_id":null,"nat_gateway_id":null,"route_table_id":"aws_route_table.public.id","timeouts":null,"transit_gateway_id":null,"vpc_endpoint_id":null,"vpc_peering_connection_id":null},"after_unknown":{"id":true,"instance_id":true,"instance_owner_id":true,"network_interface_id":true,"origin":true,"state":true}}},{"address":"aws_route_table.private","mode":"managed","type":"aws_route_table","name":"private","provider_name":"registry.terraform.io/hashicorp/aws","change":{"actions":["create"],"before":null,"after":{"tags":{"Environment":"development","Name":"development-route-table-private","Public":"false"},"tags_all":{"Environment":"development","Name":"development-route-table-private","Public":"false"},"timeouts":null,"vpc_id":"aws_vpc.main.id"},"after_unknown":{"arn":true,"id":true,"owner_id":true,"propagating_vgws":true,"route":true,"tags":{},"tags_all":{}}}},{"address":"aws_route_table.public","mode":"managed","type":"aws_route_table","name":"public","provider_name":"registry.terraform.io/hashicorp/aws","change":{"actions":["create"],"before":null,"after":{"tags":{"Environment":"development","Name":"development-route-table-public","Public":"true"},"tags_all":{"Environment":"development","Name":"development-route-table-public","Public":"true"},"timeouts":null,"vpc_id":"aws_vpc.main.id"},"after_unknown":{"arn":true,"id":true,"owner_id":true,"propagating_vgws":true,"route":true,"tags":{},"tags_all":{}}}},{"address":"aws_route_table_association.private","mode":"managed","type":"aws_route_table_association","name":"private","provider_name":"registry.terraform.io/hashicorp/aws","change":{"actions":["create"],"before":null,"after":{"gateway_id":null,"route_table_id":"aws_route_table.private.id","subnet_id":"aws_subnet.private.id"},"after_unknown":{"id":true}}},{"address":"aws_route_table_association.public","mode":"managed","type":"aws_route_table_association","name":"public","provider_name":"registry.terraform.io/hashicorp/aws","change":{"actions":["create"],"before":null,"after":{"gateway_id":null,"route_table_id":"aws_route_table.public.id","subnet_id":"aws_subnet.public.id"},"after_unknown":{"id":true}}},{"address":"aws_security_group.default_ec2","mode":"managed","type":"aws_security_group","name":"default_ec2","provider_name":"registry.terraform.io/hashicorp/aws","change":{"actions":["create"],"before":null,"after":{"description":"Managed by Terraform","name":"development-default-ec2-security-group","revoke_rules_on_delete":false,"tags":{"Environment":"development","Name":"development-default-ec2-security-group"},"tags_all":{"Environment":"development","Name":"development-default-ec2-security-group"},"timeouts":null,"vpc_id":"aws_vpc.main.id"},"after_unknown":{"arn":true,"egress":true,"id":true,"ingress":true,"name_prefix":true,"owner_id":true,"tags":{},"tags_all":{}}}},{"address":"aws_security_group_rule.default_ec2_egress","mode":"managed","type":"aws_security_group_rule","name":"default_ec2_egress","provider_name":"registry.terraform.io/hashicorp/aws","change":{"actions":["create"],"before":null,"after":{"cidr_blocks":["0.0.0.0/0"],"description":null,"from_port":0,"ipv6_cidr_blocks":["::/0"],"prefix_list_ids":null,"protocol":"-1","security_group_id":"aws_security_group.default_ec2.id","self":false,"to_port":0,"type":"egress"},"after_unknown":{"cidr_blocks":[false],"id":true,"ipv6_cidr_blocks":[false],"source_security_group_id":true}}},{"address":"aws_security_group_rule.default_ec2_ingress","mode":"managed","type":"aws_security_group_rule","name":"default_ec2_ingress","provider_name":"registry.terraform.io/hashicorp/aws","change":{"actions":["create"],"before":null,"after":{"cidr_blocks":["0.0.0.0/0"],"description":null,"from_port":22,"ipv6_cidr_blocks":null,"prefix_list_ids":null,"protocol":"tcp","security_group_id":"aws_security_group.default_ec2.id","self":false,"to_port":22,"type":"ingress"},"after_unknown":{"cidr_blocks":[false],"id":true,"source_security_group_id":true}}},{"address":"aws_subnet.private","mode":"managed","type":"aws_subnet","name":"private","provider_name":"registry.terraform.io/hashicorp/aws","change":{"actions":["create"],"before":null,"after":{"assign_ipv6_address_on_creation":false,"cidr_block":"10.0.2.0/24","customer_owned_ipv4_pool":null,"ipv6_cidr_block":null,"map_customer_owned_ip_on_launch":null,"map_public_ip_on_launch":false,"outpost_arn":null,"tags":{"Environment":"development","Name":"development-private","Public":"false"},"tags_all":{"Environment":"development","Name":"development-private","Public":"false"},"timeouts":null,"vpc_id":"aws_vpc.main.id"},"after_unknown":{"arn":true,"availability_zone":true,"availability_zone_id":true,"id":true,"ipv6_cidr_block_association_id":true,"owner_id":true,"tags":{},"tags_all":{}}}},{"address":"aws_subnet.public","mode":"managed","type":"aws_subnet","name":"public","provider_name":"registry.terraform.io/hashicorp/aws","change":{"actions":["create"],"before":null,"after":{"assign_ipv6_address_on_creation":false,"cidr_block":"10.0.1.0/24","customer_owned_ipv4_pool":null,"ipv6_cidr_block":null,"map_customer_owned_ip_on_launch":null,"map_public_ip_on_launch":true,"outpost_arn":null,"tags":{"Environment":"development","Name":"development-public","Public":"true"},"tags_all":{"Environment":"development","Name":"development-public","Public":"true"},"timeouts":null,"vpc_id":"aws_vpc.main.id"},"after_unknown":{"arn":true,"availability_zone":true,"availability_zone_id":true,"id":true,"ipv6_cidr_block_association_id":true,"owner_id":true,"tags":{},"tags_all":{}}}},{"address":"aws_vpc.main","mode":"managed","type":"aws_vpc","name":"main","provider_name":"registry.terraform.io/hashicorp/aws","change":{"actions":["create"],"before":null,"after":{"assign_generated_ipv6_cidr_block":false,"cidr_block":"10.0.0.0/16","enable_dns_support":true,"instance_tenancy":"default","tags":{"Environment":"development","Name":"development"},"tags_all":{"Environment":"development","Name":"development"}},"after_unknown":{"arn":true,"default_network_acl_id":true,"default_route_table_id":true,"default_security_group_id":true,"dhcp_options_id":true,"enable_classiclink":true,"enable_classiclink_dns_support":true,"enable_dns_hostnames":true,"id":true,"ipv6_association_id":true,"ipv6_cidr_block":true,"main_route_table_id":true,"owner_id":true,"tags":{},"tags_all":{}}}}],"prior_state":{"format_version":"0.1","terraform_version":"1.0.3","values":{"root_module":{"resources":[{"address":"data.aws_ami.ubuntu","mode":"data","type":"aws_ami","name":"ubuntu","provider_name":"registry.terraform.io/hashicorp/aws","schema_version":0,"values":{"architecture":"x86_64","arn":"arn:aws:ec2:us-east-1::image/ami-022d4249382309a48","block_device_mappings":[{"device_name":"/dev/sda1","ebs":{"delete_on_termination":"true","encrypted":"false","iops":"0","snapshot_id":"snap-02d1d3c9419f7f109","throughput":"0","volume_size":"8","volume_type":"gp2"},"no_device":"","virtual_name":""},{"device_name":"/dev/sdb","ebs":{},"no_device":"","virtual_name":"ephemeral0"},{"device_name":"/dev/sdc","ebs":{},"no_device":"","virtual_name":"ephemeral1"}],"creation_date":"2021-11-19T00:20:10.000Z","description":"Canonical, Ubuntu, 20.04 LTS, amd64 focal image build on 2021-11-18","ena_support":true,"executable_users":null,"filter":[{"name":"name","values":["ubuntu/images/hvm-ssd/ubuntu-focal-20.04-amd64-server-*"]},{"name":"virtualization-type","values":["hvm"]}],"hypervisor":"xen","id":"ami-022d4249382309a48","image_id":"ami-022d4249382309a48","image_location":"099720109477/ubuntu/images/hvm-ssd/ubuntu-focal-20.04-amd64-server-20211118","image_owner_alias":null,"image_type":"machine","kernel_id":null,"most_recent":true,"name":"ubuntu/images/hvm-ssd/ubuntu-focal-20.04-amd64-server-20211118","name_regex":null,"owner_id":"099720109477","owners":["099720109477"],"platform":null,"platform_details":"Linux/UNIX","product_codes":[],"public":true,"ramdisk_id":null,"root_device_name":"/dev/sda1","root_device_type":"ebs","root_snapshot_id":"snap-02d1d3c9419f7f109","sriov_net_support":"simple","state":"available","state_reason":{"code":"UNSET","message":"UNSET"},"tags":{},"usage_operation":"RunInstances","virtualization_type":"hvm"}}]}}},"configuration":{"root_module":{"resources":[{"address":"aws_default_security_group.main","mode":"managed","type":"aws_default_security_group","name":"main","provider_config_key":"aws","expressions":{"tags":{"references":["var.environment","var.environment"]},"vpc_id":{"references":["aws_vpc.main"]}},"schema_version":1,"raw_data":{"FileName":"main.tf","StartLine":35,"EndLine":42}},{"address":"aws_eip.nat_gateway","mode":"managed","type":"aws_eip","name":"nat_gateway","provider_config_key":"aws","expressions":{"tags":{"references":["var.environment","var.environment"]},"vpc":{"constant_value":true}},"schema_version":0,"raw_data":{"FileName":"main.tf","StartLine":71,"EndLine":77}},{"address":"aws_instance.default","mode":"managed","type":"aws_instance","name":"default","provider_config_key":"aws","expressions":{"ami":{"references":["data.aws_ami.ubuntu"]},"instance_type":{"constant_value":"t2.nano"},"network_interface":[{"device_index":{"constant_value":0},"network_interface_id":{"references":["aws_network_interface.default"]}}],"tags":{"references":["var.environment","var.environment"]}},"schema_version":1,"raw_data":{"FileName":"main.tf","StartLine":185,"EndLine":199}},{"address":"aws_internet_gateway.public","mode":"managed","type":"aws_internet_gateway","name":"public","provider_config_key":"aws","expressions":{"tags":{"references":["var.environment","var.environment"]},"vpc_id":{"references":["aws_vpc.main"]}},"schema_version":0,"raw_data":{"FileName":"main.tf","StartLine":45,"EndLine":54}},{"address":"aws_nat_gateway.private","mode":"managed","type":"aws_nat_gateway","name":"private","provider_config_key":"aws","expressions":{"allocation_id":{"references":["aws_eip.nat_gateway"]},"connectivity_type":{"constant_value":"public"},"subnet_id":{"references":["aws_subnet.private"]},"tags":{"references":["var.environment","var.environment"]}},"schema_version":0,"depends_on":["aws_internet_gateway.public"],"raw_data":{"FileName":"main.tf","StartLine":56,"EndLine":69}},{"address":"aws_network_interface.default","mode":"managed","type":"aws_network_interface","name":"default","provider_config_key":"aws","expressions":{"security_groups":{"references":["aws_security_group.default_ec2"]},"subnet_id":{"references":["aws_subnet.public"]},"tags":{"references":["var.environment","var.environment"]}},"schema_version":0,"raw_data":{"FileName":"main.tf","StartLine":173,"EndLine":183}},{"address":"aws_route.private_internet_route","mode":"managed","type":"aws_route","name":"private_internet_route","provider_config_key":"aws","expressions":{"destination_cidr_block":{"constant_value":"0.0.0.0/0"},"nat_gateway_id":{"references":["aws_nat_gateway.private"]},"route_table_id":{"references":["aws_route_table.private"]}},"schema_version":0,"depends_on":["aws_route_table.private","aws_nat_gateway.private"],"raw_data":{"FileName":"main.tf","StartLine":120,"EndLine":130}},{"address":"aws_route.public_internet_route","mode":"managed","type":"aws_route","name":"public_internet_route","provider_config_key":"aws","expressions":{"destination_cidr_block":{"constant_value":"0.0.0.0/0"},"gateway_id":{"references":["aws_internet_gateway.public"]},"route_table_id":{"references":["aws_route_table.public"]}},"schema_version":0,"depends_on":["aws_route_table.public","aws_internet_gateway.public"],"raw_data":{"FileName":"main.tf","StartLine":108,"EndLine":118}},{"address":"aws_route_table.private","mode":"managed","type":"aws_route_table","name":"private","provider_config_key":"aws","expressions":{"tags":{"references":["var.environment","var.environment"]},"vpc_id":{"references":["aws_vpc.main"]}},"schema_version":0,"raw_data":{"FileName":"main.tf","StartLine":88,"EndLine":95}},{"address":"aws_route_table.public","mode":"managed","type":"aws_route_table","name":"public","provider_config_key":"aws","expressions":{"tags":{"references":["var.environment","var.environment"]},"vpc_id":{"references":["aws_vpc.main"]}},"schema_version":0,"raw_data":{"FileName":"main.tf","StartLine":79,"EndLine":86}},{"address":"aws_route_table_association.private","mode":"managed","type":"aws_route_table_association","name":"private","provider_config_key":"aws","expressions":{"route_table_id":{"references":["aws_route_table.private"]},"subnet_id":{"references":["aws_subnet.private"]}},"schema_version":0,"raw_data":{"FileName":"main.tf","StartLine":103,"EndLine":106}},{"address":"aws_route_table_association.public","mode":"managed","type":"aws_route_table_association","name":"public","provider_config_key":"aws","expressions":{"route_table_id":{"references":["aws_route_table.public"]},"subnet_id":{"references":["aws_subnet.public"]}},"schema_version":0,"raw_data":{"FileName":"main.tf","StartLine":98,"EndLine":101}},{"address":"aws_security_group.default_ec2","mode":"managed","type":"aws_security_group","name":"default_ec2","provider_config_key":"aws","expressions":{"name":{"references":["var.environment"]},"tags":{"references":["var.environment","var.environment"]},"vpc_id":{"references":["aws_vpc.main"]}},"schema_version":1,"raw_data":{"FileName":"main.tf","StartLine":201,"EndLine":209}},{"address":"aws_security_group_rule.default_ec2_egress","mode":"managed","type":"aws_security_group_rule","name":"default_ec2_egress","provider_config_key":"aws","expressions":{"cidr_blocks":{"constant_value":["0.0.0.0/0"]},"from_port":{"constant_value":0},"ipv6_cidr_blocks":{"constant_value":["::/0"]},"protocol":{"constant_value":"-1"},"security_group_id":{"references":["aws_security_group.default_ec2"]},"to_port":{"constant_value":0},"type":{"constant_value":"egress"}},"schema_version":2,"raw_data":{"FileName":"main.tf","StartLine":220,"EndLine":228}},{"address":"aws_security_group_rule.default_ec2_ingress","mode":"managed","type":"aws_security_group_rule","name":"default_ec2_ingress","provider_config_key":"aws","expressions":{"cidr_blocks":{"constant_value":["0.0.0.0/0"]},"from_port":{"constant_value":22},"protocol":{"constant_value":"tcp"},"security_group_id":{"references":["aws_security_group.default_ec2"]},"to_port":{"constant_value":22},"type":{"constant_value":"ingress"}},"schema_version":2,"raw_data":{"FileName":"main.tf","StartLine":211,"EndLine":218}},{"address":"aws_subnet.private","mode":"managed","type":"aws_subnet","name":"private","provider_config_key":"aws","expressions":{"cidr_block":{"references":["var.cidr_private"]},"map_public_ip_on_launch":{"constant_value":false},"tags":{"references":["var.environment","var.environment"]},"vpc_id":{"references":["aws_vpc.main"]}},"schema_version":1,"raw_data":{"FileName":"main.tf","StartLine":144,"EndLine":154}},{"address":"aws_subnet.public","mode":"managed","type":"aws_subnet","name":"public","provider_config_key":"aws","expressions":{"cidr_block":{"references":["var.cidr_public"]},"map_public_ip_on_launch":{"constant_value":true},"tags":{"references":["var.environment","var.environment"]},"vpc_id":{"references":["aws_vpc.main"]}},"schema_version":1,"raw_data":{"FileName":"main.tf","StartLine":132,"EndLine":142}},{"address":"aws_vpc.main","mode":"managed","type":"aws_vpc","name":"main","provider_config_key":"aws","expressions":{"cidr_block":{"constant_value":"10.0.0.0/16"},"instance_tenancy":{"constant_value":"default"},"tags":{"references":["var.environment","var.environment"]}},"schema_version":1,"raw_data":{"FileName":"main.tf","StartLine":25,"EndLine":33}},{"address":"data.aws_ami.ubuntu","mode":"data","type":"aws_ami","name":"ubuntu","provider_config_key":"aws","expressions":{"filter":[{"name":{"constant_value":"name"},"values":{"constant_value":["ubuntu/images/hvm-ssd/ubuntu-focal-20.04-amd64-server-*"]}},{"name":{"constant_value":"virtualization-type"},"values":{"constant_value":["hvm"]}}],"most_recent":{"constant_value":true},"owners":{"constant_value":["099720109477"]}},"schema_version":0,"raw_data":{"FileName":"main.tf","StartLine":156,"EndLine":170}}],"variables":{"aws_region":{"default":"us-east-1","description":"AWS region to deploy resources in"},"cidr_private":{"default":"10.0.2.0/24","description":"CIDR for private subnet"},"cidr_public":{"default":"10.0.1.0/24","description":"CIDR for public subnet"},"environment":{"default":"development","description":"Name of the environment"}}}}}
