{"format_version":"0.1","terraform_version":"0.14.6","planned_values":{"root_module":{"resources":[{"address":"azurerm_managed_disk.disk","mode":"managed","type":"azurerm_managed_disk","name":"disk","provider_name":"registry.terraform.io/hashicorp/azurerm","schema_version":0,"values":{"create_option":"Empty","disk_access_id":null,"disk_encryption_set_id":null,"disk_size_gb":5,"encryption_settings":[],"image_reference_id":null,"location":"westeurope","name":"cr2337-disk","network_access_policy":null,"os_type":null,"resource_group_name":"cr2337-RG","source_resource_id":null,"storage_account_id":null,"storage_account_type":"Standard_LRS","tags":null,"timeouts":null,"zones":null}},{"address":"azurerm_resource_group.rg","mode":"managed","type":"azurerm_resource_group","name":"rg","provider_name":"registry.terraform.io/hashicorp/azurerm","schema_version":0,"values":{"location":"westeurope","name":"cr2337-RG","tags":null,"timeouts":null}}]}},"resource_changes":[{"address":"azurerm_managed_disk.disk","mode":"managed","type":"azurerm_managed_disk","name":"disk","provider_name":"registry.terraform.io/hashicorp/azurerm","change":{"actions":["create"],"before":null,"after":{"create_option":"Empty","disk_access_id":null,"disk_encryption_set_id":null,"disk_size_gb":5,"encryption_settings":[],"image_reference_id":null,"location":"westeurope","name":"cr2337-disk","network_access_policy":null,"os_type":null,"resource_group_name":"cr2337-RG","source_resource_id":null,"storage_account_id":null,"storage_account_type":"Standard_LRS","tags":null,"timeouts":null,"zones":null},"after_unknown":{"disk_iops_read_write":true,"disk_mbps_read_write":true,"encryption_settings":[],"id":true,"source_uri":true,"tier":true}}},{"address":"azurerm_resource_group.rg","mode":"managed","type":"azurerm_resource_group","name":"rg","provider_name":"registry.terraform.io/hashicorp/azurerm","change":{"actions":["create"],"before":null,"after":{"location":"westeurope","name":"cr2337-RG","tags":null,"timeouts":null},"after_unknown":{"id":true}}}],"configuration":{"provider_config":{"azurerm":{"name":"azurerm","expressions":{"features":[{}]}}},"root_module":{"resources":[{"address":"azurerm_managed_disk.disk","mode":"managed","type":"azurerm_managed_disk","name":"disk","provider_config_key":"azurerm","expressions":{"create_option":{"constant_value":"Empty"},"disk_size_gb":{"constant_value":"5"},"location":{"references":["azurerm_resource_group.rg"]},"name":{"references":["local.resource_prefix"]},"resource_group_name":{"references":["azurerm_resource_group.rg"]},"storage_account_type":{"constant_value":"Standard_LRS"}},"schema_version":0,"raw_data":{"FileName":"main.tf","StartLine":12,"EndLine":20}},{"address":"azurerm_resource_group.rg","mode":"managed","type":"azurerm_resource_group","name":"rg","provider_config_key":"azurerm","expressions":{"location":{"constant_value":"West Europe"},"name":{"references":["local.resource_prefix"]}},"schema_version":0,"raw_data":{"FileName":"main.tf","StartLine":7,"EndLine":10}}]}}}
