{"format_version":"0.1","terraform_version":"0.13.4","planned_values":{"root_module":{"resources":[{"address":"aws_lb.test","mode":"managed","type":"aws_lb","name":"test","provider_name":"registry.terraform.io/hashicorp/aws","schema_version":0,"values":{"access_logs":[{"bucket":"aws_s3_bucket.logging.bucket","enabled":false,"prefix":"elb"}],"customer_owned_ipv4_pool":null,"drop_invalid_header_fields":false,"enable_cross_zone_load_balancing":null,"enable_deletion_protection":false,"enable_http2":true,"idle_timeout":60,"internal":true,"load_balancer_type":"application","name":"lb-test-logging","name_prefix":null,"subnet_mapping":[],"subnets":["subnet-09956738","subnet-3260cf54","subnet-4da6136c","subnet-65f08f28","subnet-65f2936b","subnet-a5ca61fa"],"tags":null,"timeouts":null}},{"address":"aws_s3_bucket.logging","mode":"managed","type":"aws_s3_bucket","name":"logging","provider_name":"registry.terraform.io/hashicorp/aws","schema_version":0,"values":{"acl":"private","bucket_prefix":null,"cors_rule":[],"force_destroy":true,"grant":[],"lifecycle_rule":[],"logging":[],"object_lock_configuration":[],"policy":null,"replication_configuration":[],"server_side_encryption_configuration":[],"tags":null,"versioning":[],"website":[]}},{"address":"aws_s3_bucket_policy.logging","mode":"managed","type":"aws_s3_bucket_policy","name":"logging","provider_name":"registry.terraform.io/hashicorp/aws","schema_version":0,"values":{"bucket":"aws_s3_bucket.logging.id","policy":"data.aws_iam_policy_document.logging.json"}},{"address":"data.aws_iam_policy_document.logging","mode":"data","type":"aws_iam_policy_document","name":"logging","provider_name":"registry.terraform.io/hashicorp/aws","schema_version":0,"values":{"override_json":null,"override_policy_documents":null,"policy_id":null,"source_json":null,"source_policy_documents":null,"statement":[{"actions":["s3:PutObject"],"condition":[],"effect":"Allow","not_actions":null,"not_principals":[],"not_resources":null,"principals":[{"identifiers":["arn:aws:iam::127311923021:root"],"type":"AWS"}],"resources":["aws_s3_bucket.logging.arn/elb/*"],"sid":"Enable ELB logging"}],"version":"2012-10-17"}}]}},"resource_changes":[{"address":"aws_lb.test","mode":"managed","type":"aws_lb","name":"test","provider_name":"registry.terraform.io/hashicorp/aws","change":{"actions":["create"],"before":null,"after":{"access_logs":[{"bucket":"aws_s3_bucket.logging.bucket","enabled":false,"prefix":"elb"}],"customer_owned_ipv4_pool":null,"drop_invalid_header_fields":false,"enable_cross_zone_load_balancing":null,"enable_deletion_protection":false,"enable_http2":true,"idle_timeout":60,"internal":true,"load_balancer_type":"application","name":"lb-test-logging","name_prefix":null,"subnet_mapping":[],"subnets":["subnet-09956738","subnet-3260cf54","subnet-4da6136c","subnet-65f08f28","subnet-65f2936b","subnet-a5ca61fa"],"tags":null,"timeouts":null},"after_unknown":{"access_logs":[{}],"arn":true,"arn_suffix":true,"dns_name":true,"id":true,"ip_address_type":true,"security_groups":true,"subnet_mapping":[],"subnets":[false,false,false,false,false,false],"tags_all":true,"vpc_id":true,"zone_id":true}}},{"address":"aws_s3_bucket.logging","mode":"managed","type":"aws_s3_bucket","name":"logging","provider_name":"registry.terraform.io/hashicorp/aws","change":{"actions":["create"],"before":null,"after":{"acl":"private","bucket_prefix":null,"cors_rule":[],"force_destroy":true,"grant":[],"lifecycle_rule":[],"logging":[],"object_lock_configuration":[],"policy":null,"replication_configuration":[],"server_side_encryption_configuration":[],"tags":null,"versioning":[],"website":[]},"after_unknown":{"acceleration_status":true,"arn":true,"bucket":true,"bucket_domain_name":true,"bucket_regional_domain_name":true,"cors_rule":[],"grant":[],"hosted_zone_id":true,"id":true,"lifecycle_rule":[],"logging":[],"object_lock_configuration":[],"region":true,"replication_configuration":[],"request_payer":true,"server_side_encryption_configuration":[],"tags_all":true,"versioning":[],"website":[],"website_domain":true,"website_endpoint":true}}},{"address":"aws_s3_bucket_policy.logging","mode":"managed","type":"aws_s3_bucket_policy","name":"logging","provider_name":"registry.terraform.io/hashicorp/aws","change":{"actions":["create"],"before":null,"after":{"bucket":"aws_s3_bucket.logging.id","policy":"data.aws_iam_policy_document.logging.json"},"after_unknown":{"id":true}}},{"address":"data.aws_iam_policy_document.logging","mode":"data","type":"aws_iam_policy_document","name":"logging","provider_name":"registry.terraform.io/hashicorp/aws","change":{"actions":["read"],"before":null,"after":{"override_json":null,"override_policy_documents":null,"policy_id":null,"source_json":null,"source_policy_documents":null,"statement":[{"actions":["s3:PutObject"],"condition":[],"effect":"Allow","not_actions":null,"not_principals":[],"not_resources":null,"principals":[{"identifiers":["arn:aws:iam::127311923021:root"],"type":"AWS"}],"resources":["aws_s3_bucket.logging.arn/elb/*"],"sid":"Enable ELB logging"}],"version":"2012-10-17"},"after_unknown":{"id":true,"json":true,"statement":[{"actions":[false],"condition":[],"not_principals":[],"principals":[{"identifiers":[false]}],"resources":[false]}]}}}],"prior_state":{"format_version":"0.1","terraform_version":"0.13.4","values":{"root_module":{"resources":[{"address":"data.aws_availability_zones.available","mode":"data","type":"aws_availability_zones","name":"available","provider_name":"registry.terraform.io/hashicorp/aws","schema_version":0,"values":{"all_availability_zones":null,"exclude_names":null,"exclude_zone_ids":null,"filter":null,"group_names":["us-east-1"],"id":"us-east-1","names":["us-east-1a","us-east-1b","us-east-1c","us-east-1d","us-east-1e","us-east-1f"],"state":"available","zone_ids":["use1-az1","use1-az2","use1-az4","use1-az6","use1-az3","use1-az5"]}},{"address":"data.aws_elb_service_account.main","mode":"data","type":"aws_elb_service_account","name":"main","provider_name":"registry.terraform.io/hashicorp/aws","schema_version":0,"values":{"arn":"arn:aws:iam::127311923021:root","id":"127311923021","region":null}},{"address":"data.aws_subnet_ids.default","mode":"data","type":"aws_subnet_ids","name":"default","provider_name":"registry.terraform.io/hashicorp/aws","schema_version":0,"values":{"filter":null,"id":"vpc-bd9b60c0","ids":["subnet-09956738","subnet-3260cf54","subnet-4da6136c","subnet-65f08f28","subnet-65f2936b","subnet-a5ca61fa"],"tags":null,"vpc_id":"vpc-bd9b60c0"}},{"address":"data.aws_vpc.default","mode":"data","type":"aws_vpc","name":"default","provider_name":"registry.terraform.io/hashicorp/aws","schema_version":0,"values":{"arn":"arn:aws:ec2:us-east-1:115553109071:vpc/vpc-bd9b60c0","cidr_block":"172.31.0.0/16","cidr_block_associations":[{"association_id":"vpc-cidr-assoc-03dd096c","cidr_block":"172.31.0.0/16","state":"associated"}],"default":true,"dhcp_options_id":"dopt-3045214a","enable_dns_hostnames":true,"enable_dns_support":true,"filter":null,"id":"vpc-bd9b60c0","instance_tenancy":"default","ipv6_association_id":null,"ipv6_cidr_block":null,"main_route_table_id":"rtb-e24c0a9c","owner_id":"115553109071","state":"available","tags":{"Name":"default-vpc"}}}]}}},"configuration":{"provider_config":{"aws":{"name":"aws","expressions":{"region":{"constant_value":"us-east-1"}}}},"root_module":{"resources":[{"address":"aws_lb.test","mode":"managed","type":"aws_lb","name":"test","provider_config_key":"aws","expressions":{"access_logs":[{"bucket":{"references":["aws_s3_bucket.logging"]},"enabled":{"constant_value":false},"prefix":{"constant_value":"elb"}}],"internal":{"constant_value":true},"load_balancer_type":{"constant_value":"application"},"name":{"constant_value":"lb-test-logging"},"subnets":{"references":["data.aws_subnet_ids.default"]}},"schema_version":0,"raw_data":{"FileName":"main.tf","StartLine":41,"EndLine":52}},{"address":"aws_s3_bucket.logging","mode":"managed","type":"aws_s3_bucket","name":"logging","provider_config_key":"aws","expressions":{"acl":{"constant_value":"private"},"force_destroy":{"constant_value":true}},"schema_version":0,"raw_data":{"FileName":"main.tf","StartLine":36,"EndLine":39}},{"address":"aws_s3_bucket_policy.logging","mode":"managed","type":"aws_s3_bucket_policy","name":"logging","provider_config_key":"aws","expressions":{"bucket":{"references":["aws_s3_bucket.logging"]},"policy":{"references":["data.aws_iam_policy_document.logging"]}},"schema_version":0,"raw_data":{"FileName":"main.tf","StartLine":30,"EndLine":33}},{"address":"data.aws_availability_zones.available","mode":"data","type":"aws_availability_zones","name":"available","provider_config_key":"aws","expressions":{"state":{"constant_value":"available"}},"schema_version":0,"raw_data":{"FileName":"main.tf","StartLine":2,"EndLine":4}},{"address":"data.aws_elb_service_account.main","mode":"data","type":"aws_elb_service_account","name":"main","provider_config_key":"aws","schema_version":0,"raw_data":{"FileName":"main.tf","StartLine":14,"EndLine":14}},{"address":"data.aws_iam_policy_document.logging","mode":"data","type":"aws_iam_policy_document","name":"logging","provider_config_key":"aws","expressions":{"statement":[{"actions":{"constant_value":["s3:PutObject"]},"effect":{"constant_value":"Allow"},"principals":[{"identifiers":{"references":["data.aws_elb_service_account.main"]},"type":{"constant_value":"AWS"}}],"resources":{"references":["aws_s3_bucket.logging"]},"sid":{"constant_value":"Enable ELB logging"}}],"version":{"constant_value":"2012-10-17"}},"schema_version":0,"raw_data":{"FileName":"main.tf","StartLine":16,"EndLine":28}},{"address":"data.aws_subnet_ids.default","mode":"data","type":"aws_subnet_ids","name":"default","provider_config_key":"aws","expressions":{"vpc_id":{"references":["data.aws_vpc.default"]}},"schema_version":0,"raw_data":{"FileName":"main.tf","StartLine":10,"EndLine":12}},{"address":"data.aws_vpc.default","mode":"data","type":"aws_vpc","name":"default","provider_config_key":"aws","expressions":{"default":{"constant_value":true}},"schema_version":0,"raw_data":{"FileName":"main.tf","StartLine":6,"EndLine":8}}]}}}
