{"format_version":"0.1","terraform_version":"0.12.29","planned_values":{"root_module":{"resources":[{"address":"aws_s3_bucket.public-bucket","mode":"managed","type":"aws_s3_bucket","name":"public-bucket","provider_name":"aws","schema_version":0,"values":{"acl":"private","bucket":"bucket-with-over-privileged-policy-1","bucket_prefix":null,"cors_rule":[],"force_destroy":false,"grant":[],"lifecycle_rule":[],"logging":[],"object_lock_configuration":[],"policy":null,"replication_configuration":[],"server_side_encryption_configuration":[],"tags":null,"website":[]}},{"address":"aws_s3_bucket_policy.bucket_1_policy","mode":"managed","type":"aws_s3_bucket_policy","name":"bucket_1_policy","provider_name":"aws","schema_version":0,"values":{"bucket":"aws_s3_bucket.public-bucket.id","policy":"{\n    \"Version\": \"2012-10-17\",\n    \"Statement\": [\n        {\n            \"Sid\": \"AllActionsOnS3\",\n            \"Effect\": \"Allow\",\n            \"Principal\": {\n                \"AWS\": \"*\"\n            },\n            \"Action\": \"s3:*\",\n            \"Resource\": [\n                \"arn:aws:s3:::bucket-with-over-privileged-policy-1\"\n            ]\n        }\n    ]\n}\n"}},{"address":"aws_s3_bucket_public_access_block.block_public_bucket_3","mode":"managed","type":"aws_s3_bucket_public_access_block","name":"block_public_bucket_3","provider_name":"aws","schema_version":0,"values":{"block_public_acls":false,"block_public_policy":false,"bucket":"aws_s3_bucket.public-bucket.id","ignore_public_acls":false,"restrict_public_buckets":true}}]}},"resource_changes":[{"address":"aws_s3_bucket.public-bucket","mode":"managed","type":"aws_s3_bucket","name":"public-bucket","provider_name":"aws","change":{"actions":["create"],"before":null,"after":{"acl":"private","bucket":"bucket-with-over-privileged-policy-1","bucket_prefix":null,"cors_rule":[],"force_destroy":false,"grant":[],"lifecycle_rule":[],"logging":[],"object_lock_configuration":[],"policy":null,"replication_configuration":[],"server_side_encryption_configuration":[],"tags":null,"website":[]},"after_unknown":{"acceleration_status":true,"arn":true,"bucket_domain_name":true,"bucket_regional_domain_name":true,"cors_rule":[],"grant":[],"hosted_zone_id":true,"id":true,"lifecycle_rule":[],"logging":[],"object_lock_configuration":[],"region":true,"replication_configuration":[],"request_payer":true,"server_side_encryption_configuration":[],"versioning":true,"website":[],"website_domain":true,"website_endpoint":true}}},{"address":"aws_s3_bucket_policy.bucket_1_policy","mode":"managed","type":"aws_s3_bucket_policy","name":"bucket_1_policy","provider_name":"aws","change":{"actions":["create"],"before":null,"after":{"bucket":"aws_s3_bucket.public-bucket.id","policy":"{\n    \"Version\": \"2012-10-17\",\n    \"Statement\": [\n        {\n            \"Sid\": \"AllActionsOnS3\",\n            \"Effect\": \"Allow\",\n            \"Principal\": {\n                \"AWS\": \"*\"\n            },\n            \"Action\": \"s3:*\",\n            \"Resource\": [\n                \"arn:aws:s3:::bucket-with-over-privileged-policy-1\"\n            ]\n        }\n    ]\n}\n"},"after_unknown":{"id":true}}},{"address":"aws_s3_bucket_public_access_block.block_public_bucket_3","mode":"managed","type":"aws_s3_bucket_public_access_block","name":"block_public_bucket_3","provider_name":"aws","change":{"actions":["create"],"before":null,"after":{"block_public_acls":false,"block_public_policy":false,"bucket":"aws_s3_bucket.public-bucket.id","ignore_public_acls":false,"restrict_public_buckets":true},"after_unknown":{"id":true}}}],"configuration":{"provider_config":{"aws":{"name":"aws","expressions":{"region":{"constant_value":"us-east-1"}}}},"root_module":{"resources":[{"address":"aws_s3_bucket.public-bucket","mode":"managed","type":"aws_s3_bucket","name":"public-bucket","provider_config_key":"aws","expressions":{"bucket":{"constant_value":"bucket-with-over-privileged-policy-1"}},"schema_version":0,"raw_data":{"FileName":"main.tf","StartLine":7,"EndLine":9}},{"address":"aws_s3_bucket_policy.bucket_1_policy","mode":"managed","type":"aws_s3_bucket_policy","name":"bucket_1_policy","provider_config_key":"aws","expressions":{"bucket":{"references":["aws_s3_bucket.public-bucket"]},"policy":{"constant_value":"{\n    \"Version\": \"2012-10-17\",\n    \"Statement\": [\n        {\n            \"Sid\": \"AllActionsOnS3\",\n            \"Effect\": \"Allow\",\n            \"Principal\": {\n                \"AWS\": \"*\"\n            },\n            \"Action\": \"s3:*\",\n            \"Resource\": [\n                \"arn:aws:s3:::bucket-with-over-privileged-policy-1\"\n            ]\n        }\n    ]\n}\n"}},"schema_version":0,"raw_data":{"FileName":"main.tf","StartLine":16,"EndLine":38}},{"address":"aws_s3_bucket_public_access_block.block_public_bucket_3","mode":"managed","type":"aws_s3_bucket_public_access_block","name":"block_public_bucket_3","provider_config_key":"aws","expressions":{"bucket":{"references":["aws_s3_bucket.public-bucket"]},"restrict_public_buckets":{"constant_value":true}},"schema_version":0,"raw_data":{"FileName":"main.tf","StartLine":11,"EndLine":14}}]}}}
