{"format_version":"0.1","terraform_version":"0.13.4","planned_values":{"root_module":{"resources":[{"address":"aws_docdb_cluster.test","mode":"managed","type":"aws_docdb_cluster","name":"test","provider_name":"registry.terraform.io/hashicorp/aws","schema_version":0,"values":{"backup_retention_period":1,"cluster_identifier":"in-transit-encryp-enabled","deletion_protection":null,"enabled_cloudwatch_logs_exports":null,"engine":"docdb","final_snapshot_identifier":null,"master_password":"mustbeeightchars","master_username":"foo","port":27017,"skip_final_snapshot":true,"snapshot_identifier":null,"storage_encrypted":null,"tags":null,"timeouts":null}}]}},"resource_changes":[{"address":"aws_docdb_cluster.test","mode":"managed","type":"aws_docdb_cluster","name":"test","provider_name":"registry.terraform.io/hashicorp/aws","change":{"actions":["create"],"before":null,"after":{"backup_retention_period":1,"cluster_identifier":"in-transit-encryp-enabled","deletion_protection":null,"enabled_cloudwatch_logs_exports":null,"engine":"docdb","final_snapshot_identifier":null,"master_password":"mustbeeightchars","master_username":"foo","port":27017,"skip_final_snapshot":true,"snapshot_identifier":null,"storage_encrypted":null,"tags":null,"timeouts":null},"after_unknown":{"apply_immediately":true,"arn":true,"availability_zones":true,"cluster_identifier_prefix":true,"cluster_members":true,"cluster_resource_id":true,"db_cluster_parameter_group_name":true,"db_subnet_group_name":true,"endpoint":true,"engine_version":true,"hosted_zone_id":true,"id":true,"kms_key_id":true,"preferred_backup_window":true,"preferred_maintenance_window":true,"reader_endpoint":true,"tags_all":true,"vpc_security_group_ids":true}}}],"configuration":{"provider_config":{"aws":{"name":"aws","expressions":{"region":{"constant_value":"us-east-1"}}}},"root_module":{"resources":[{"address":"aws_docdb_cluster.test","mode":"managed","type":"aws_docdb_cluster","name":"test","provider_config_key":"aws","expressions":{"cluster_identifier":{"constant_value":"in-transit-encryp-enabled"},"engine":{"constant_value":"docdb"},"master_password":{"constant_value":"mustbeeightchars"},"master_username":{"constant_value":"foo"},"skip_final_snapshot":{"constant_value":true}},"schema_version":0,"raw_data":{"FileName":"main.tf","StartLine":2,"EndLine":8}}]}}}
