{"format_version":"0.1","terraform_version":"0.14.6","planned_values":{"root_module":{"resources":[{"address":"aws_autoscaling_group.test","mode":"managed","type":"aws_autoscaling_group","name":"test","provider_name":"registry.terraform.io/hashicorp/aws","schema_version":0,"values":{"availability_zones":["us-east-2a"],"capacity_rebalance":null,"desired_capacity":1,"enabled_metrics":null,"force_delete":false,"force_delete_warm_pool":false,"health_check_grace_period":300,"initial_lifecycle_hook":[],"instance_refresh":[],"launch_configuration":null,"launch_template":[{"id":"aws_launch_template.foobar.id","name":null,"version":"$Latest"}],"load_balancers":null,"max_instance_lifetime":null,"max_size":5,"metrics_granularity":"1Minute","min_elb_capacity":null,"min_size":1,"mixed_instances_policy":[],"name":"asg for ecs","placement_group":null,"protect_from_scale_in":false,"suspended_processes":null,"tag":[{"key":"AmazonECSManaged","propagate_at_launch":true,"value":""}],"tags":null,"target_group_arns":null,"termination_policies":null,"timeouts":null,"wait_for_capacity_timeout":"10m","wait_for_elb_capacity":null,"warm_pool":[]}},{"address":"aws_ecs_capacity_provider.test","mode":"managed","type":"aws_ecs_capacity_provider","name":"test","provider_name":"registry.terraform.io/hashicorp/aws","schema_version":0,"values":{"auto_scaling_group_provider":[{"auto_scaling_group_arn":"aws_autoscaling_group.test.arn","managed_scaling":[{"instance_warmup_period":null,"maximum_scaling_step_size":1000,"minimum_scaling_step_size":1,"status":"ENABLED","target_capacity":10}],"managed_termination_protection":null}],"name":"test","tags":null}},{"address":"aws_ecs_cluster.ecs-cluster","mode":"managed","type":"aws_ecs_cluster","name":"ecs-cluster","provider_name":"registry.terraform.io/hashicorp/aws","schema_version":0,"values":{"capacity_providers":["test"],"configuration":[],"default_capacity_provider_strategy":[],"name":"ecs-cluster","setting":[],"tags":null}},{"address":"aws_ecs_service.web-server-service","mode":"managed","type":"aws_ecs_service","name":"web-server-service","provider_name":"registry.terraform.io/hashicorp/aws","schema_version":0,"values":{"capacity_provider_strategy":[],"cluster":"aws_ecs_cluster.ecs-cluster.arn","deployment_circuit_breaker":[],"deployment_controller":[],"deployment_maximum_percent":200,"deployment_minimum_healthy_percent":100,"desired_count":1,"enable_ecs_managed_tags":false,"enable_execute_command":false,"force_new_deployment":null,"health_check_grace_period_seconds":null,"launch_type":"EC2","load_balancer":[{"container_name":"apache-web-server","container_port":80,"elb_name":null,"target_group_arn":"aws_lb_target_group.elb-tg.arn"}],"name":"web-server-service","network_configuration":[{"assign_public_ip":null,"security_groups":["aws_security_group.sg.id"],"subnets":["aws_subnet.public-subnet.id"]}],"ordered_placement_strategy":[],"placement_constraints":[],"propagate_tags":null,"scheduling_strategy":"REPLICA","service_registries":[],"tags":null,"task_definition":"aws_ecs_task_definition.web-server-task-definition.arn","timeouts":null,"wait_for_steady_state":false}},{"address":"aws_ecs_task_definition.web-server-task-definition","mode":"managed","type":"aws_ecs_task_definition","name":"web-server-task-definition","provider_name":"registry.terraform.io/hashicorp/aws","schema_version":1,"values":{"container_definitions":"  [\n    {\n      \"name\": \"apache-web-server\",\n      \"image\": \"167389268608.dkr.ecr.us-east-1.amazonaws.com/apache-web-server:latest\",\n      \"essential\": true,\n      \"portMappings\": [\n        {\n          \"containerPort\": 80,\n          \"hostPort\": 80,\n          \"protocol\": \"tcp\"\n        }\n      ]\n    }\n  ]\n","cpu":"256","ephemeral_storage":[],"execution_role_arn":"arn:aws:iam::111111111111:role/aws-service-role/ecs.amazonaws.com/AWSServiceRoleForECS","family":"web-server-task","inference_accelerator":[],"ipc_mode":null,"memory":"256","network_mode":"awsvpc","pid_mode":null,"placement_constraints":[],"proxy_configuration":[],"requires_compatibilities":["EC2"],"runtime_platform":[],"tags":null,"task_role_arn":null,"volume":[]}},{"address":"aws_internet_gateway.igw","mode":"managed","type":"aws_internet_gateway","name":"igw","provider_name":"registry.terraform.io/hashicorp/aws","schema_version":0,"values":{"tags":null,"vpc_id":"aws_vpc.test-vpc.id"}},{"address":"aws_launch_template.foobar","mode":"managed","type":"aws_launch_template","name":"foobar","provider_name":"registry.terraform.io/hashicorp/aws","schema_version":0,"values":{"block_device_mappings":[],"capacity_reservation_specification":[],"cpu_options":[],"credit_specification":[],"description":null,"disable_api_termination":null,"ebs_optimized":null,"elastic_gpu_specifications":[],"elastic_inference_accelerator":[],"enclave_options":[],"hibernation_options":[],"iam_instance_profile":[],"image_id":"ami-04505e74c0741db8d","instance_initiated_shutdown_behavior":null,"instance_market_options":[],"instance_type":"t2.micro","kernel_id":null,"key_name":null,"license_specification":[],"metadata_options":[],"monitoring":[],"name_prefix":"foobar","network_interfaces":[],"placement":[],"ram_disk_id":null,"security_group_names":null,"tag_specifications":[],"tags":null,"update_default_version":null,"user_data":null,"vpc_security_group_ids":null}},{"address":"aws_lb.public-elb","mode":"managed","type":"aws_lb","name":"public-elb","provider_name":"registry.terraform.io/hashicorp/aws","schema_version":0,"values":{"access_logs":[],"customer_owned_ipv4_pool":null,"desync_mitigation_mode":null,"drop_invalid_header_fields":null,"enable_cross_zone_load_balancing":false,"enable_deletion_protection":false,"enable_http2":null,"enable_waf_fail_open":null,"idle_timeout":null,"internal":false,"load_balancer_type":"network","name":"public-elb","name_prefix":null,"subnet_mapping":[],"subnets":["aws_subnet.public-subnet.id"],"tags":null,"timeouts":null}},{"address":"aws_lb_listener.test","mode":"managed","type":"aws_lb_listener","name":"test","provider_name":"registry.terraform.io/hashicorp/aws","schema_version":0,"values":{"alpn_policy":null,"certificate_arn":null,"default_action":[{"authenticate_cognito":[],"authenticate_oidc":[],"fixed_response":[],"forward":[],"order":null,"redirect":[],"target_group_arn":"aws_lb_target_group.elb-tg.id","type":"forward"}],"load_balancer_arn":"aws_lb.public-elb.id","port":80,"protocol":"TCP","tags":null,"timeouts":null}},{"address":"aws_lb_target_group.elb-tg","mode":"managed","type":"aws_lb_target_group","name":"elb-tg","provider_name":"registry.terraform.io/hashicorp/aws","schema_version":0,"values":{"connection_termination":false,"deregistration_delay":"300","health_check":[{"enabled":null,"healthy_threshold":null,"interval":10,"matcher":null,"path":null,"port":"80","protocol":"TCP","timeout":null,"unhealthy_threshold":null}],"lambda_multi_value_headers_enabled":false,"name":"elb-tg","name_prefix":null,"port":80,"protocol":"TCP","proxy_protocol_v2":false,"slow_start":0,"stickiness":[],"tags":null,"target_type":"ip","vpc_id":"aws_vpc.test-vpc.id"}},{"address":"aws_network_acl.public-nacl","mode":"managed","type":"aws_network_acl","name":"public-nacl","provider_name":"registry.terraform.io/hashicorp/aws","schema_version":0,"values":{"subnet_ids":["aws_subnet.public-subnet.id"],"tags":null,"vpc_id":"aws_vpc.test-vpc.id"}},{"address":"aws_network_acl_rule.inbound-rule","mode":"managed","type":"aws_network_acl_rule","name":"inbound-rule","provider_name":"registry.terraform.io/hashicorp/aws","schema_version":0,"values":{"cidr_block":"0.0.0.0/0","egress":false,"from_port":80,"icmp_code":null,"icmp_type":null,"ipv6_cidr_block":null,"network_acl_id":"aws_network_acl.public-nacl.id","protocol":"tcp","rule_action":"allow","rule_number":100,"to_port":3306}},{"address":"aws_network_acl_rule.outbound-rule","mode":"managed","type":"aws_network_acl_rule","name":"outbound-rule","provider_name":"registry.terraform.io/hashicorp/aws","schema_version":0,"values":{"cidr_block":"0.0.0.0/0","egress":true,"from_port":0,"icmp_code":null,"icmp_type":null,"ipv6_cidr_block":null,"network_acl_id":"aws_network_acl.public-nacl.id","protocol":"-1","rule_action":"allow","rule_number":100,"to_port":0}},{"address":"aws_route.igw-route","mode":"managed","type":"aws_route","name":"igw-route","provider_name":"registry.terraform.io/hashicorp/aws","schema_version":0,"values":{"carrier_gateway_id":null,"destination_cidr_block":"0.0.0.0/0","destination_ipv6_cidr_block":null,"destination_prefix_list_id":null,"egress_only_gateway_id":null,"gateway_id":"aws_internet_gateway.igw.id","local_gateway_id":null,"nat_gateway_id":null,"route_table_id":"aws_route_table.public-subnet-rt.id","timeouts":null,"transit_gateway_id":null,"vpc_endpoint_id":null,"vpc_peering_connection_id":null}},{"address":"aws_route_table.public-subnet-rt","mode":"managed","type":"aws_route_table","name":"public-subnet-rt","provider_name":"registry.terraform.io/hashicorp/aws","schema_version":0,"values":{"tags":null,"timeouts":null,"vpc_id":"aws_vpc.test-vpc.id"}},{"address":"aws_route_table_association.public-subnet-rt-assoc","mode":"managed","type":"aws_route_table_association","name":"public-subnet-rt-assoc","provider_name":"registry.terraform.io/hashicorp/aws","schema_version":0,"values":{"gateway_id":null,"route_table_id":"aws_route_table.public-subnet-rt.id","subnet_id":"aws_subnet.public-subnet.id"}},{"address":"aws_security_group.sg","mode":"managed","type":"aws_security_group","name":"sg","provider_name":"registry.terraform.io/hashicorp/aws","schema_version":1,"values":{"description":"Managed by Terraform","egress":[{"cidr_blocks":["0.0.0.0/0"],"description":null,"from_port":0,"ipv6_cidr_blocks":null,"prefix_list_ids":null,"protocol":"-1","security_groups":null,"self":null,"to_port":0}],"ingress":[{"cidr_blocks":["0.0.0.0/0"],"description":"mysql","from_port":80,"ipv6_cidr_blocks":null,"prefix_list_ids":null,"protocol":"tcp","security_groups":null,"self":null,"to_port":3306}],"name":"sg","revoke_rules_on_delete":false,"tags":null,"timeouts":null,"vpc_id":"aws_vpc.test-vpc.id"}},{"address":"aws_subnet.public-subnet","mode":"managed","type":"aws_subnet","name":"public-subnet","provider_name":"registry.terraform.io/hashicorp/aws","schema_version":1,"values":{"assign_ipv6_address_on_creation":false,"availability_zone":"us-east-2a","cidr_block":"192.168.10.0/24","customer_owned_ipv4_pool":null,"ipv6_cidr_block":null,"map_customer_owned_ip_on_launch":null,"map_public_ip_on_launch":false,"outpost_arn":null,"tags":null,"timeouts":null,"vpc_id":"aws_vpc.test-vpc.id"}},{"address":"aws_vpc.test-vpc","mode":"managed","type":"aws_vpc","name":"test-vpc","provider_name":"registry.terraform.io/hashicorp/aws","schema_version":1,"values":{"assign_generated_ipv6_cidr_block":null,"cidr_block":"192.168.10.0/24","enable_dns_support":true,"instance_tenancy":"default","ipv4_ipam_pool_id":null,"ipv4_netmask_length":null,"ipv6_ipam_pool_id":null,"ipv6_netmask_length":null,"tags":null}},{"address":"data.aws_ecs_container_definition.container-definition","mode":"data","type":"aws_ecs_container_definition","name":"container-definition","provider_name":"registry.terraform.io/hashicorp/aws","schema_version":0,"values":{"container_name":"apache-web-server","task_definition":"aws_ecs_task_definition.web-server-task-definition.id"}},{"address":"data.aws_ecs_container_definition.web-server-container","mode":"data","type":"aws_ecs_container_definition","name":"web-server-container","provider_name":"registry.terraform.io/hashicorp/aws","schema_version":0,"values":{"container_name":"apache-web-server","task_definition":"aws_ecs_task_definition.web-server-task-definition.id"}}]}},"resource_changes":[{"address":"aws_autoscaling_group.test","mode":"managed","type":"aws_autoscaling_group","name":"test","provider_name":"registry.terraform.io/hashicorp/aws","change":{"actions":["create"],"before":null,"after":{"availability_zones":["us-east-2a"],"capacity_rebalance":null,"desired_capacity":1,"enabled_metrics":null,"force_delete":false,"force_delete_warm_pool":false,"health_check_grace_period":300,"initial_lifecycle_hook":[],"instance_refresh":[],"launch_configuration":null,"launch_template":[{"id":"aws_launch_template.foobar.id","name":null,"version":"$Latest"}],"load_balancers":null,"max_instance_lifetime":null,"max_size":5,"metrics_granularity":"1Minute","min_elb_capacity":null,"min_size":1,"mixed_instances_policy":[],"name":"asg for ecs","placement_group":null,"protect_from_scale_in":false,"suspended_processes":null,"tag":[{"key":"AmazonECSManaged","propagate_at_launch":true,"value":""}],"tags":null,"target_group_arns":null,"termination_policies":null,"timeouts":null,"wait_for_capacity_timeout":"10m","wait_for_elb_capacity":null,"warm_pool":[]},"after_unknown":{"arn":true,"availability_zones":[false],"default_cooldown":true,"health_check_type":true,"id":true,"initial_lifecycle_hook":[],"instance_refresh":[],"launch_template":[{}],"mixed_instances_policy":[],"name_prefix":true,"service_linked_role_arn":true,"tag":[{}],"vpc_zone_identifier":true,"warm_pool":[]}}},{"address":"aws_ecs_capacity_provider.test","mode":"managed","type":"aws_ecs_capacity_provider","name":"test","provider_name":"registry.terraform.io/hashicorp/aws","change":{"actions":["create"],"before":null,"after":{"auto_scaling_group_provider":[{"auto_scaling_group_arn":"aws_autoscaling_group.test.arn","managed_scaling":[{"instance_warmup_period":null,"maximum_scaling_step_size":1000,"minimum_scaling_step_size":1,"status":"ENABLED","target_capacity":10}],"managed_termination_protection":null}],"name":"test","tags":null},"after_unknown":{"arn":true,"auto_scaling_group_provider":[{"managed_scaling":[{}]}],"id":true,"tags_all":true}}},{"address":"aws_ecs_cluster.ecs-cluster","mode":"managed","type":"aws_ecs_cluster","name":"ecs-cluster","provider_name":"registry.terraform.io/hashicorp/aws","change":{"actions":["create"],"before":null,"after":{"capacity_providers":["test"],"configuration":[],"default_capacity_provider_strategy":[],"name":"ecs-cluster","setting":[],"tags":null},"after_unknown":{"arn":true,"capacity_providers":[false],"configuration":[],"default_capacity_provider_strategy":[],"id":true,"setting":[],"tags_all":true}}},{"address":"aws_ecs_service.web-server-service","mode":"managed","type":"aws_ecs_service","name":"web-server-service","provider_name":"registry.terraform.io/hashicorp/aws","change":{"actions":["create"],"before":null,"after":{"capacity_provider_strategy":[],"cluster":"aws_ecs_cluster.ecs-cluster.arn","deployment_circuit_breaker":[],"deployment_controller":[],"deployment_maximum_percent":200,"deployment_minimum_healthy_percent":100,"desired_count":1,"enable_ecs_managed_tags":false,"enable_execute_command":false,"force_new_deployment":null,"health_check_grace_period_seconds":null,"launch_type":"EC2","load_balancer":[{"container_name":"apache-web-server","container_port":80,"elb_name":null,"target_group_arn":"aws_lb_target_group.elb-tg.arn"}],"name":"web-server-service","network_configuration":[{"assign_public_ip":null,"security_groups":["aws_security_group.sg.id"],"subnets":["aws_subnet.public-subnet.id"]}],"ordered_placement_strategy":[],"placement_constraints":[],"propagate_tags":null,"scheduling_strategy":"REPLICA","service_registries":[],"tags":null,"task_definition":"aws_ecs_task_definition.web-server-task-definition.arn","timeouts":null,"wait_for_steady_state":false},"after_unknown":{"capacity_provider_strategy":[],"deployment_circuit_breaker":[],"deployment_controller":[],"iam_role":true,"id":true,"load_balancer":[{}],"network_configuration":[{"security_groups":[false],"subnets":[false]}],"ordered_placement_strategy":[],"placement_constraints":[],"platform_version":true,"service_registries":[],"tags_all":true}}},{"address":"aws_ecs_task_definition.web-server-task-definition","mode":"managed","type":"aws_ecs_task_definition","name":"web-server-task-definition","provider_name":"registry.terraform.io/hashicorp/aws","change":{"actions":["create"],"before":null,"after":{"container_definitions":"  [\n    {\n      \"name\": \"apache-web-server\",\n      \"image\": \"167389268608.dkr.ecr.us-east-1.amazonaws.com/apache-web-server:latest\",\n      \"essential\": true,\n      \"portMappings\": [\n        {\n          \"containerPort\": 80,\n          \"hostPort\": 80,\n          \"protocol\": \"tcp\"\n        }\n      ]\n    }\n  ]\n","cpu":"256","ephemeral_storage":[],"execution_role_arn":"arn:aws:iam::111111111111:role/aws-service-role/ecs.amazonaws.com/AWSServiceRoleForECS","family":"web-server-task","inference_accelerator":[],"ipc_mode":null,"memory":"256","network_mode":"awsvpc","pid_mode":null,"placement_constraints":[],"proxy_configuration":[],"requires_compatibilities":["EC2"],"runtime_platform":[],"tags":null,"task_role_arn":null,"volume":[]},"after_unknown":{"arn":true,"ephemeral_storage":[],"id":true,"inference_accelerator":[],"placement_constraints":[],"proxy_configuration":[],"requires_compatibilities":[false],"revision":true,"runtime_platform":[],"tags_all":true,"volume":[]}}},{"address":"aws_internet_gateway.igw","mode":"managed","type":"aws_internet_gateway","name":"igw","provider_name":"registry.terraform.io/hashicorp/aws","change":{"actions":["create"],"before":null,"after":{"tags":null,"vpc_id":"aws_vpc.test-vpc.id"},"after_unknown":{"arn":true,"id":true,"owner_id":true,"tags_all":true}}},{"address":"aws_launch_template.foobar","mode":"managed","type":"aws_launch_template","name":"foobar","provider_name":"registry.terraform.io/hashicorp/aws","change":{"actions":["create"],"before":null,"after":{"block_device_mappings":[],"capacity_reservation_specification":[],"cpu_options":[],"credit_specification":[],"description":null,"disable_api_termination":null,"ebs_optimized":null,"elastic_gpu_specifications":[],"elastic_inference_accelerator":[],"enclave_options":[],"hibernation_options":[],"iam_instance_profile":[],"image_id":"ami-04505e74c0741db8d","instance_initiated_shutdown_behavior":null,"instance_market_options":[],"instance_type":"t2.micro","kernel_id":null,"key_name":null,"license_specification":[],"metadata_options":[],"monitoring":[],"name_prefix":"foobar","network_interfaces":[],"placement":[],"ram_disk_id":null,"security_group_names":null,"tag_specifications":[],"tags":null,"update_default_version":null,"user_data":null,"vpc_security_group_ids":null},"after_unknown":{"arn":true,"block_device_mappings":[],"capacity_reservation_specification":[],"cpu_options":[],"credit_specification":[],"default_version":true,"elastic_gpu_specifications":[],"elastic_inference_accelerator":[],"enclave_options":[],"hibernation_options":[],"iam_instance_profile":[],"id":true,"instance_market_options":[],"latest_version":true,"license_specification":[],"metadata_options":[],"monitoring":[],"name":true,"network_interfaces":[],"placement":[],"tag_specifications":[],"tags_all":true}}},{"address":"aws_lb.public-elb","mode":"managed","type":"aws_lb","name":"public-elb","provider_name":"registry.terraform.io/hashicorp/aws","change":{"actions":["create"],"before":null,"after":{"access_logs":[],"customer_owned_ipv4_pool":null,"desync_mitigation_mode":null,"drop_invalid_header_fields":null,"enable_cross_zone_load_balancing":false,"enable_deletion_protection":false,"enable_http2":null,"enable_waf_fail_open":null,"idle_timeout":null,"internal":false,"load_balancer_type":"network","name":"public-elb","name_prefix":null,"subnet_mapping":[],"subnets":["aws_subnet.public-subnet.id"],"tags":null,"timeouts":null},"after_unknown":{"access_logs":[],"arn":true,"arn_suffix":true,"dns_name":true,"id":true,"ip_address_type":true,"security_groups":true,"subnet_mapping":[],"subnets":[false],"tags_all":true,"vpc_id":true,"zone_id":true}}},{"address":"aws_lb_listener.test","mode":"managed","type":"aws_lb_listener","name":"test","provider_name":"registry.terraform.io/hashicorp/aws","change":{"actions":["create"],"before":null,"after":{"alpn_policy":null,"certificate_arn":null,"default_action":[{"authenticate_cognito":[],"authenticate_oidc":[],"fixed_response":[],"forward":[],"order":null,"redirect":[],"target_group_arn":"aws_lb_target_group.elb-tg.id","type":"forward"}],"load_balancer_arn":"aws_lb.public-elb.id","port":80,"protocol":"TCP","tags":null,"timeouts":null},"after_unknown":{"arn":true,"default_action":[{"authenticate_cognito":[],"authenticate_oidc":[],"fixed_response":[],"forward":[],"redirect":[]}],"id":true,"ssl_policy":true,"tags_all":true}}},{"address":"aws_lb_target_group.elb-tg","mode":"managed","type":"aws_lb_target_group","name":"elb-tg","provider_name":"registry.terraform.io/hashicorp/aws","change":{"actions":["create"],"before":null,"after":{"connection_termination":false,"deregistration_delay":"300","health_check":[{"enabled":null,"healthy_threshold":null,"interval":10,"matcher":null,"path":null,"port":"80","protocol":"TCP","timeout":null,"unhealthy_threshold":null}],"lambda_multi_value_headers_enabled":false,"name":"elb-tg","name_prefix":null,"port":80,"protocol":"TCP","proxy_protocol_v2":false,"slow_start":0,"stickiness":[],"tags":null,"target_type":"ip","vpc_id":"aws_vpc.test-vpc.id"},"after_unknown":{"arn":true,"arn_suffix":true,"health_check":[{}],"id":true,"load_balancing_algorithm_type":true,"preserve_client_ip":true,"protocol_version":true,"stickiness":[],"tags_all":true}}},{"address":"aws_network_acl.public-nacl","mode":"managed","type":"aws_network_acl","name":"public-nacl","provider_name":"registry.terraform.io/hashicorp/aws","change":{"actions":["create"],"before":null,"after":{"subnet_ids":["aws_subnet.public-subnet.id"],"tags":null,"vpc_id":"aws_vpc.test-vpc.id"},"after_unknown":{"arn":true,"egress":true,"id":true,"ingress":true,"owner_id":true,"subnet_ids":[false],"tags_all":true}}},{"address":"aws_network_acl_rule.inbound-rule","mode":"managed","type":"aws_network_acl_rule","name":"inbound-rule","provider_name":"registry.terraform.io/hashicorp/aws","change":{"actions":["create"],"before":null,"after":{"cidr_block":"0.0.0.0/0","egress":false,"from_port":80,"icmp_code":null,"icmp_type":null,"ipv6_cidr_block":null,"network_acl_id":"aws_network_acl.public-nacl.id","protocol":"tcp","rule_action":"allow","rule_number":100,"to_port":3306},"after_unknown":{"id":true}}},{"address":"aws_network_acl_rule.outbound-rule","mode":"managed","type":"aws_network_acl_rule","name":"outbound-rule","provider_name":"registry.terraform.io/hashicorp/aws","change":{"actions":["create"],"before":null,"after":{"cidr_block":"0.0.0.0/0","egress":true,"from_port":0,"icmp_code":null,"icmp_type":null,"ipv6_cidr_block":null,"network_acl_id":"aws_network_acl.public-nacl.id","protocol":"-1","rule_action":"allow","rule_number":100,"to_port":0},"after_unknown":{"id":true}}},{"address":"aws_route.igw-route","mode":"managed","type":"aws_route","name":"igw-route","provider_name":"registry.terraform.io/hashicorp/aws","change":{"actions":["create"],"before":null,"after":{"carrier_gateway_id":null,"destination_cidr_block":"0.0.0.0/0","destination_ipv6_cidr_block":null,"destination_prefix_list_id":null,"egress_only_gateway_id":null,"gateway_id":"aws_internet_gateway.igw.id","local_gateway_id":null,"nat_gateway_id":null,"route_table_id":"aws_route_table.public-subnet-rt.id","timeouts":null,"transit_gateway_id":null,"vpc_endpoint_id":null,"vpc_peering_connection_id":null},"after_unknown":{"id":true,"instance_id":true,"instance_owner_id":true,"network_interface_id":true,"origin":true,"state":true}}},{"address":"aws_route_table.public-subnet-rt","mode":"managed","type":"aws_route_table","name":"public-subnet-rt","provider_name":"registry.terraform.io/hashicorp/aws","change":{"actions":["create"],"before":null,"after":{"tags":null,"timeouts":null,"vpc_id":"aws_vpc.test-vpc.id"},"after_unknown":{"arn":true,"id":true,"owner_id":true,"propagating_vgws":true,"route":true,"tags_all":true}}},{"address":"aws_route_table_association.public-subnet-rt-assoc","mode":"managed","type":"aws_route_table_association","name":"public-subnet-rt-assoc","provider_name":"registry.terraform.io/hashicorp/aws","change":{"actions":["create"],"before":null,"after":{"gateway_id":null,"route_table_id":"aws_route_table.public-subnet-rt.id","subnet_id":"aws_subnet.public-subnet.id"},"after_unknown":{"id":true}}},{"address":"aws_security_group.sg","mode":"managed","type":"aws_security_group","name":"sg","provider_name":"registry.terraform.io/hashicorp/aws","change":{"actions":["create"],"before":null,"after":{"description":"Managed by Terraform","egress":[{"cidr_blocks":["0.0.0.0/0"],"description":null,"from_port":0,"ipv6_cidr_blocks":null,"prefix_list_ids":null,"protocol":"-1","security_groups":null,"self":null,"to_port":0}],"ingress":[{"cidr_blocks":["0.0.0.0/0"],"description":"mysql","from_port":80,"ipv6_cidr_blocks":null,"prefix_list_ids":null,"protocol":"tcp","security_groups":null,"self":null,"to_port":3306}],"name":"sg","revoke_rules_on_delete":false,"tags":null,"timeouts":null,"vpc_id":"aws_vpc.test-vpc.id"},"after_unknown":{"arn":true,"egress":[{"cidr_blocks":[false]}],"id":true,"ingress":[{"cidr_blocks":[false]}],"name_prefix":true,"owner_id":true,"tags_all":true}}},{"address":"aws_subnet.public-subnet","mode":"managed","type":"aws_subnet","name":"public-subnet","provider_name":"registry.terraform.io/hashicorp/aws","change":{"actions":["create"],"before":null,"after":{"assign_ipv6_address_on_creation":false,"availability_zone":"us-east-2a","cidr_block":"192.168.10.0/24","customer_owned_ipv4_pool":null,"ipv6_cidr_block":null,"map_customer_owned_ip_on_launch":null,"map_public_ip_on_launch":false,"outpost_arn":null,"tags":null,"timeouts":null,"vpc_id":"aws_vpc.test-vpc.id"},"after_unknown":{"arn":true,"availability_zone_id":true,"id":true,"ipv6_cidr_block_association_id":true,"owner_id":true,"tags_all":true}}},{"address":"aws_vpc.test-vpc","mode":"managed","type":"aws_vpc","name":"test-vpc","provider_name":"registry.terraform.io/hashicorp/aws","change":{"actions":["create"],"before":null,"after":{"assign_generated_ipv6_cidr_block":null,"cidr_block":"192.168.10.0/24","enable_dns_support":true,"instance_tenancy":"default","ipv4_ipam_pool_id":null,"ipv4_netmask_length":null,"ipv6_ipam_pool_id":null,"ipv6_netmask_length":null,"tags":null},"after_unknown":{"arn":true,"default_network_acl_id":true,"default_route_table_id":true,"default_security_group_id":true,"dhcp_options_id":true,"enable_classiclink":true,"enable_classiclink_dns_support":true,"enable_dns_hostnames":true,"id":true,"ipv6_association_id":true,"ipv6_cidr_block":true,"main_route_table_id":true,"owner_id":true,"tags_all":true}}},{"address":"data.aws_ecs_container_definition.container-definition","mode":"data","type":"aws_ecs_container_definition","name":"container-definition","provider_name":"registry.terraform.io/hashicorp/aws","change":{"actions":["read"],"before":null,"after":{"container_name":"apache-web-server","task_definition":"aws_ecs_task_definition.web-server-task-definition.id"},"after_unknown":{"cpu":true,"disable_networking":true,"docker_labels":true,"environment":true,"id":true,"image":true,"image_digest":true,"memory":true,"memory_reservation":true}}},{"address":"data.aws_ecs_container_definition.web-server-container","mode":"data","type":"aws_ecs_container_definition","name":"web-server-container","provider_name":"registry.terraform.io/hashicorp/aws","change":{"actions":["read"],"before":null,"after":{"container_name":"apache-web-server","task_definition":"aws_ecs_task_definition.web-server-task-definition.id"},"after_unknown":{"cpu":true,"disable_networking":true,"docker_labels":true,"environment":true,"id":true,"image":true,"image_digest":true,"memory":true,"memory_reservation":true}}}],"prior_state":{"format_version":"0.1","terraform_version":"0.14.11","values":{"root_module":{"resources":[{"address":"data.aws_ami.ubuntu","mode":"data","type":"aws_ami","name":"ubuntu","provider_name":"registry.terraform.io/hashicorp/aws","schema_version":0,"values":{"architecture":"x86_64","arn":"arn:aws:ec2:us-east-1::image/ami-04505e74c0741db8d","block_device_mappings":[{"device_name":"/dev/sda1","ebs":{"delete_on_termination":"true","encrypted":"false","iops":"0","snapshot_id":"snap-0f7a6eae6d90437c4","throughput":"0","volume_size":"8","volume_type":"gp2"},"no_device":"","virtual_name":""},{"device_name":"/dev/sdb","ebs":{},"no_device":"","virtual_name":"ephemeral0"},{"device_name":"/dev/sdc","ebs":{},"no_device":"","virtual_name":"ephemeral1"}],"creation_date":"2021-11-30T00:33:34.000Z","description":"Canonical, Ubuntu, 20.04 LTS, amd64 focal image build on 2021-11-29","ena_support":true,"executable_users":null,"filter":[{"name":"name","values":["ubuntu/images/hvm-ssd/ubuntu-focal-20.04-amd64-server-*"]},{"name":"virtualization-type","values":["hvm"]}],"hypervisor":"xen","id":"ami-04505e74c0741db8d","image_id":"ami-04505e74c0741db8d","image_location":"099720109477/ubuntu/images/hvm-ssd/ubuntu-focal-20.04-amd64-server-20211129","image_owner_alias":null,"image_type":"machine","kernel_id":null,"most_recent":true,"name":"ubuntu/images/hvm-ssd/ubuntu-focal-20.04-amd64-server-20211129","name_regex":null,"owner_id":"099720109477","owners":["099720109477"],"platform":null,"platform_details":"Linux/UNIX","product_codes":[],"public":true,"ramdisk_id":null,"root_device_name":"/dev/sda1","root_device_type":"ebs","root_snapshot_id":"snap-0f7a6eae6d90437c4","sriov_net_support":"simple","state":"available","state_reason":{"code":"UNSET","message":"UNSET"},"tags":{},"usage_operation":"RunInstances","virtualization_type":"hvm"}}]}}},"configuration":{"root_module":{"resources":[{"address":"aws_autoscaling_group.test","mode":"managed","type":"aws_autoscaling_group","name":"test","provider_config_key":"aws","expressions":{"availability_zones":{"references":["local.region"]},"desired_capacity":{"constant_value":1},"launch_template":[{"id":{"references":["aws_launch_template.foobar"]},"version":{"constant_value":"$Latest"}}],"max_size":{"constant_value":5},"min_size":{"constant_value":1},"name":{"constant_value":"asg for ecs"},"tag":[{"key":{"constant_value":"AmazonECSManaged"},"propagate_at_launch":{"constant_value":true},"value":{"constant_value":""}}]},"schema_version":0,"raw_data":{"FileName":"main.tf","StartLine":109,"EndLine":127}},{"address":"aws_ecs_capacity_provider.test","mode":"managed","type":"aws_ecs_capacity_provider","name":"test","provider_config_key":"aws","expressions":{"auto_scaling_group_provider":[{"auto_scaling_group_arn":{"references":["aws_autoscaling_group.test"]},"managed_scaling":[{"maximum_scaling_step_size":{"constant_value":1000},"minimum_scaling_step_size":{"constant_value":1},"status":{"constant_value":"ENABLED"},"target_capacity":{"constant_value":10}}]}],"name":{"constant_value":"test"}},"schema_version":0,"raw_data":{"FileName":"main.tf","StartLine":129,"EndLine":142}},{"address":"aws_ecs_cluster.ecs-cluster","mode":"managed","type":"aws_ecs_cluster","name":"ecs-cluster","provider_config_key":"aws","expressions":{"capacity_providers":{"references":["aws_ecs_capacity_provider.test"]},"name":{"constant_value":"ecs-cluster"}},"schema_version":0,"raw_data":{"FileName":"main.tf","StartLine":144,"EndLine":147}},{"address":"aws_ecs_service.web-server-service","mode":"managed","type":"aws_ecs_service","name":"web-server-service","provider_config_key":"aws","expressions":{"cluster":{"references":["aws_ecs_cluster.ecs-cluster"]},"desired_count":{"constant_value":1},"launch_type":{"constant_value":"EC2"},"load_balancer":[{"container_name":{"references":["data.aws_ecs_container_definition.web-server-container"]},"container_port":{"constant_value":80},"target_group_arn":{"references":["aws_lb_target_group.elb-tg"]}}],"name":{"constant_value":"web-server-service"},"network_configuration":[{"security_groups":{"references":["aws_security_group.sg"]},"subnets":{"references":["aws_subnet.public-subnet"]}}],"task_definition":{"references":["aws_ecs_task_definition.web-server-task-definition"]}},"schema_version":0,"raw_data":{"FileName":"main.tf","StartLine":192,"EndLine":209}},{"address":"aws_ecs_task_definition.web-server-task-definition","mode":"managed","type":"aws_ecs_task_definition","name":"web-server-task-definition","provider_config_key":"aws","expressions":{"container_definitions":{"constant_value":"  [\n    {\n      \"name\": \"apache-web-server\",\n      \"image\": \"167389268608.dkr.ecr.us-east-1.amazonaws.com/apache-web-server:latest\",\n      \"essential\": true,\n      \"portMappings\": [\n        {\n          \"containerPort\": 80,\n          \"hostPort\": 80,\n          \"protocol\": \"tcp\"\n        }\n      ]\n    }\n  ]\n"},"cpu":{"constant_value":"256"},"execution_role_arn":{"constant_value":"arn:aws:iam::111111111111:role/aws-service-role/ecs.amazonaws.com/AWSServiceRoleForECS"},"family":{"constant_value":"web-server-task"},"memory":{"constant_value":"256"},"network_mode":{"constant_value":"awsvpc"},"requires_compatibilities":{"constant_value":["EC2"]}},"schema_version":1,"raw_data":{"FileName":"main.tf","StartLine":154,"EndLine":177}},{"address":"aws_internet_gateway.igw","mode":"managed","type":"aws_internet_gateway","name":"igw","provider_config_key":"aws","expressions":{"vpc_id":{"references":["aws_vpc.test-vpc"]}},"schema_version":0,"raw_data":{"FileName":"main.tf","StartLine":45,"EndLine":47}},{"address":"aws_launch_template.foobar","mode":"managed","type":"aws_launch_template","name":"foobar","provider_config_key":"aws","expressions":{"image_id":{"references":["data.aws_ami.ubuntu"]},"instance_type":{"constant_value":"t2.micro"},"name_prefix":{"constant_value":"foobar"}},"schema_version":0,"raw_data":{"FileName":"main.tf","StartLine":103,"EndLine":107}},{"address":"aws_lb.public-elb","mode":"managed","type":"aws_lb","name":"public-elb","provider_config_key":"aws","expressions":{"internal":{"constant_value":false},"load_balancer_type":{"constant_value":"network"},"name":{"constant_value":"public-elb"},"subnets":{"references":["aws_subnet.public-subnet"]}},"schema_version":0,"raw_data":{"FileName":"main.tf","StartLine":184,"EndLine":190}},{"address":"aws_lb_listener.test","mode":"managed","type":"aws_lb_listener","name":"test","provider_config_key":"aws","expressions":{"default_action":[{"target_group_arn":{"references":["aws_lb_target_group.elb-tg"]},"type":{"constant_value":"forward"}}],"load_balancer_arn":{"references":["aws_lb.public-elb"]},"port":{"constant_value":80},"protocol":{"constant_value":"TCP"}},"schema_version":0,"raw_data":{"FileName":"main.tf","StartLine":227,"EndLine":236}},{"address":"aws_lb_target_group.elb-tg","mode":"managed","type":"aws_lb_target_group","name":"elb-tg","provider_config_key":"aws","expressions":{"health_check":[{"interval":{"constant_value":10},"port":{"constant_value":80},"protocol":{"constant_value":"TCP"}}],"name":{"constant_value":"elb-tg"},"port":{"constant_value":80},"protocol":{"constant_value":"TCP"},"target_type":{"constant_value":"ip"},"vpc_id":{"references":["aws_vpc.test-vpc"]}},"schema_version":0,"raw_data":{"FileName":"main.tf","StartLine":211,"EndLine":225}},{"address":"aws_network_acl.public-nacl","mode":"managed","type":"aws_network_acl","name":"public-nacl","provider_config_key":"aws","expressions":{"subnet_ids":{"references":["aws_subnet.public-subnet"]},"vpc_id":{"references":["aws_vpc.test-vpc"]}},"schema_version":0,"raw_data":{"FileName":"main.tf","StartLine":18,"EndLine":21}},{"address":"aws_network_acl_rule.inbound-rule","mode":"managed","type":"aws_network_acl_rule","name":"inbound-rule","provider_config_key":"aws","expressions":{"cidr_block":{"constant_value":"0.0.0.0/0"},"egress":{"constant_value":false},"from_port":{"references":["local.web_server_port"]},"network_acl_id":{"references":["aws_network_acl.public-nacl"]},"protocol":{"constant_value":"tcp"},"rule_action":{"constant_value":"allow"},"rule_number":{"constant_value":100},"to_port":{"references":["local.mysql_port"]}},"schema_version":0,"raw_data":{"FileName":"main.tf","StartLine":23,"EndLine":32}},{"address":"aws_network_acl_rule.outbound-rule","mode":"managed","type":"aws_network_acl_rule","name":"outbound-rule","provider_config_key":"aws","expressions":{"cidr_block":{"constant_value":"0.0.0.0/0"},"egress":{"constant_value":true},"from_port":{"constant_value":0},"network_acl_id":{"references":["aws_network_acl.public-nacl"]},"protocol":{"constant_value":-1},"rule_action":{"constant_value":"allow"},"rule_number":{"constant_value":100},"to_port":{"constant_value":0}},"schema_version":0,"raw_data":{"FileName":"main.tf","StartLine":34,"EndLine":43}},{"address":"aws_route.igw-route","mode":"managed","type":"aws_route","name":"igw-route","provider_config_key":"aws","expressions":{"destination_cidr_block":{"constant_value":"0.0.0.0/0"},"gateway_id":{"references":["aws_internet_gateway.igw"]},"route_table_id":{"references":["aws_route_table.public-subnet-rt"]}},"schema_version":0,"raw_data":{"FileName":"main.tf","StartLine":53,"EndLine":57}},{"address":"aws_route_table.public-subnet-rt","mode":"managed","type":"aws_route_table","name":"public-subnet-rt","provider_config_key":"aws","expressions":{"vpc_id":{"references":["aws_vpc.test-vpc"]}},"schema_version":0,"raw_data":{"FileName":"main.tf","StartLine":49,"EndLine":51}},{"address":"aws_route_table_association.public-subnet-rt-assoc","mode":"managed","type":"aws_route_table_association","name":"public-subnet-rt-assoc","provider_config_key":"aws","expressions":{"route_table_id":{"references":["aws_route_table.public-subnet-rt"]},"subnet_id":{"references":["aws_subnet.public-subnet"]}},"schema_version":0,"raw_data":{"FileName":"main.tf","StartLine":59,"EndLine":62}},{"address":"aws_security_group.sg","mode":"managed","type":"aws_security_group","name":"sg","provider_config_key":"aws","expressions":{"name":{"constant_value":"sg"},"vpc_id":{"references":["aws_vpc.test-vpc"]}},"schema_version":1,"raw_data":{"FileName":"main.tf","StartLine":65,"EndLine":84}},{"address":"aws_subnet.public-subnet","mode":"managed","type":"aws_subnet","name":"public-subnet","provider_config_key":"aws","expressions":{"availability_zone":{"references":["local.region"]},"cidr_block":{"constant_value":"192.168.10.0/24"},"vpc_id":{"references":["aws_vpc.test-vpc"]}},"schema_version":1,"raw_data":{"FileName":"main.tf","StartLine":12,"EndLine":16}},{"address":"aws_vpc.test-vpc","mode":"managed","type":"aws_vpc","name":"test-vpc","provider_config_key":"aws","expressions":{"cidr_block":{"constant_value":"192.168.10.0/24"}},"schema_version":1,"raw_data":{"FileName":"main.tf","StartLine":8,"EndLine":10}},{"address":"data.aws_ami.ubuntu","mode":"data","type":"aws_ami","name":"ubuntu","provider_config_key":"aws","expressions":{"filter":[{"name":{"constant_value":"name"},"values":{"constant_value":["ubuntu/images/hvm-ssd/ubuntu-focal-20.04-amd64-server-*"]}},{"name":{"constant_value":"virtualization-type"},"values":{"constant_value":["hvm"]}}],"most_recent":{"constant_value":true},"owners":{"constant_value":["099720109477"]}},"schema_version":0,"raw_data":{"FileName":"main.tf","StartLine":86,"EndLine":100}},{"address":"data.aws_ecs_container_definition.container-definition","mode":"data","type":"aws_ecs_container_definition","name":"container-definition","provider_config_key":"aws","expressions":{"container_name":{"constant_value":"apache-web-server"},"task_definition":{"references":["aws_ecs_task_definition.web-server-task-definition"]}},"schema_version":0,"raw_data":{"FileName":"main.tf","StartLine":179,"EndLine":182}},{"address":"data.aws_ecs_container_definition.web-server-container","mode":"data","type":"aws_ecs_container_definition","name":"web-server-container","provider_config_key":"aws","expressions":{"container_name":{"constant_value":"apache-web-server"},"task_definition":{"references":["aws_ecs_task_definition.web-server-task-definition"]}},"schema_version":0,"raw_data":{"FileName":"main.tf","StartLine":149,"EndLine":152}}]}}}
