{"format_version":"0.1","terraform_version":"0.12.29","planned_values":{"root_module":{"child_modules":[{"resources":[{"address":"module.test_module.aws_efs_file_system.not_secure","mode":"managed","type":"aws_efs_file_system","name":"not_secure","provider_name":"aws","schema_version":0,"values":{"creation_token":"efs-not-secure","lifecycle_policy":[],"provisioned_throughput_in_mibps":null,"tags":{"Name":"NotSecure"},"throughput_mode":"bursting"}},{"address":"module.test_module.aws_efs_file_system_policy.not_secure_policy","mode":"managed","type":"aws_efs_file_system_policy","name":"not_secure_policy","provider_name":"aws","schema_version":0,"values":{"file_system_id":"module.test_module.aws_efs_file_system.not_secure.id","policy":"{\n    \"Version\": \"2012-10-17\",\n    \"Id\": \"ExamplePolicy01\",\n    \"Statement\": [\n        {\n            \"Sid\": \"ExampleStatement01\",\n            \"Effect\": \"Allow\",\n            \"Principal\": {\n                \"AWS\": \"*\"\n            },\n            \"Action\": [\n                \"elasticfilesystem:*\"\n            ],\n            \"Condition\": {\n                \"Bool\": {\n                    \"aws:SecureTransport\": \"true\"\n                }\n            }\n        }\n    ]\n}\n"}}],"address":"module.test_module"}]}},"resource_changes":[{"address":"module.test_module.aws_efs_file_system.not_secure","module_address":"module.test_module","mode":"managed","type":"aws_efs_file_system","name":"not_secure","provider_name":"aws","change":{"actions":["create"],"before":null,"after":{"creation_token":"efs-not-secure","lifecycle_policy":[],"provisioned_throughput_in_mibps":null,"tags":{"Name":"NotSecure"},"throughput_mode":"bursting"},"after_unknown":{"arn":true,"dns_name":true,"encrypted":true,"id":true,"kms_key_id":true,"lifecycle_policy":[],"performance_mode":true,"reference_name":true,"tags":{}}}},{"address":"module.test_module.aws_efs_file_system_policy.not_secure_policy","module_address":"module.test_module","mode":"managed","type":"aws_efs_file_system_policy","name":"not_secure_policy","provider_name":"aws","change":{"actions":["create"],"before":null,"after":{"file_system_id":"module.test_module.aws_efs_file_system.not_secure.id","policy":"{\n    \"Version\": \"2012-10-17\",\n    \"Id\": \"ExamplePolicy01\",\n    \"Statement\": [\n        {\n            \"Sid\": \"ExampleStatement01\",\n            \"Effect\": \"Allow\",\n            \"Principal\": {\n                \"AWS\": \"*\"\n            },\n            \"Action\": [\n                \"elasticfilesystem:*\"\n            ],\n            \"Condition\": {\n                \"Bool\": {\n                    \"aws:SecureTransport\": \"true\"\n                }\n            }\n        }\n    ]\n}\n"},"after_unknown":{"id":true}}}],"configuration":{"provider_config":{"aws":{"name":"aws","version_constraint":"2.70.0","expressions":{"region":{"constant_value":"us-east-1"}}},"test_module:aws":{"name":"aws","module_address":"test_module","expressions":{"region":{"constant_value":"us-east-1"}}}},"root_module":{"module_calls":{"test_module":{"source":"./efs/not_secure_policy","module":{"resources":[{"address":"aws_efs_file_system.not_secure","mode":"managed","type":"aws_efs_file_system","name":"not_secure","provider_config_key":"test_module:aws","expressions":{"creation_token":{"constant_value":"efs-not-secure"},"tags":{"constant_value":{"Name":"NotSecure"}}},"schema_version":0,"raw_data":{"FileName":"efs/not_secure_policy/main.tf","StartLine":5,"EndLine":11}},{"address":"aws_efs_file_system_policy.not_secure_policy","mode":"managed","type":"aws_efs_file_system_policy","name":"not_secure_policy","provider_config_key":"test_module:aws","expressions":{"file_system_id":{"references":["aws_efs_file_system.not_secure"]},"policy":{"constant_value":"{\n    \"Version\": \"2012-10-17\",\n    \"Id\": \"ExamplePolicy01\",\n    \"Statement\": [\n        {\n            \"Sid\": \"ExampleStatement01\",\n            \"Effect\": \"Allow\",\n            \"Principal\": {\n                \"AWS\": \"*\"\n            },\n            \"Action\": [\n                \"elasticfilesystem:*\"\n            ],\n            \"Condition\": {\n                \"Bool\": {\n                    \"aws:SecureTransport\": \"true\"\n                }\n            }\n        }\n    ]\n}\n"}},"schema_version":0,"raw_data":{"FileName":"efs/not_secure_policy/main.tf","StartLine":13,"EndLine":39}}]},"raw_data":{"FileName":"main.tf","StartLine":7,"EndLine":9}}}}}}
