{"format_version":"0.1","terraform_version":"0.14.6","planned_values":{"root_module":{"resources":[{"address":"azurerm_logic_app_integration_account.example","mode":"managed","type":"azurerm_logic_app_integration_account","name":"example","provider_name":"registry.terraform.io/hashicorp/azurerm","schema_version":0,"values":{"integration_service_environment_id":null,"location":"westeurope","name":"cr3686-ia","resource_group_name":"cr3686-RG","sku_name":"Standard","tags":null,"timeouts":null}},{"address":"azurerm_logic_app_workflow.workflow","mode":"managed","type":"azurerm_logic_app_workflow","name":"workflow","provider_name":"registry.terraform.io/hashicorp/azurerm","schema_version":0,"values":{"access_control":[{"action":[{"allowed_caller_ip_address_range":["10.10.0.2/32"]}],"content":[{"allowed_caller_ip_address_range":["10.10.0.2/32"]}],"trigger":[{"allowed_caller_ip_address_range":["10.10.0.2/32"],"open_authentication_policy":[]}],"workflow_management":[{"allowed_caller_ip_address_range":["10.10.0.2/32"]}]}],"enabled":true,"identity":[],"integration_service_environment_id":null,"location":"westeurope","logic_app_integration_account_id":"azurerm_logic_app_integration_account.example.id","name":"cr3686-workflow","parameters":{"b":"true"},"resource_group_name":"cr3686-RG","tags":{"environment":"prod"},"timeouts":null,"workflow_parameters":{"b":"{\"type\":\"Bool\"}"},"workflow_schema":"https://schema.management.azure.com/providers/Microsoft.Logic/schemas/2016-06-01/workflowdefinition.json#","workflow_version":"1.0.0.0"}},{"address":"azurerm_monitor_diagnostic_setting.example","mode":"managed","type":"azurerm_monitor_diagnostic_setting","name":"example","provider_name":"registry.terraform.io/hashicorp/azurerm","schema_version":0,"values":{"eventhub_authorization_rule_id":null,"eventhub_name":null,"log":[{"category":"WorkflowRuntime","enabled":true,"retention_policy":[{"days":31,"enabled":true}]}],"log_analytics_destination_type":null,"log_analytics_workspace_id":null,"metric":[{"category":"AllMetrics","enabled":false,"retention_policy":[{"days":null,"enabled":false}]}],"name":"example","storage_account_id":"azurerm_storage_account.storacc.id","target_resource_id":"azurerm_logic_app_workflow.workflow.id","timeouts":null}},{"address":"azurerm_resource_group.rg","mode":"managed","type":"azurerm_resource_group","name":"rg","provider_name":"registry.terraform.io/hashicorp/azurerm","schema_version":0,"values":{"location":"westeurope","name":"cr3686-RG","tags":null,"timeouts":null}},{"address":"azurerm_storage_account.storacc","mode":"managed","type":"azurerm_storage_account","name":"storacc","provider_name":"registry.terraform.io/hashicorp/azurerm","schema_version":2,"values":{"account_kind":"StorageV2","account_replication_type":"LRS","account_tier":"Standard","allow_blob_public_access":false,"azure_files_authentication":[],"custom_domain":[],"enable_https_traffic_only":true,"is_hns_enabled":false,"location":"westeurope","min_tls_version":"TLS1_0","name":"cr3686batchstacc","nfsv3_enabled":false,"queue_encryption_key_type":"Service","resource_group_name":"cr3686-RG","shared_access_key_enabled":true,"static_website":[],"table_encryption_key_type":"Service","tags":null,"timeouts":null}},{"address":"azurerm_subnet.isesubnet1","mode":"managed","type":"azurerm_subnet","name":"isesubnet1","provider_name":"registry.terraform.io/hashicorp/azurerm","schema_version":0,"values":{"address_prefixes":["10.0.1.0/26"],"delegation":[{"name":"integrationServiceEnvironments","service_delegation":[{"actions":null,"name":"Microsoft.Logic/integrationServiceEnvironments"}]}],"enforce_private_link_endpoint_network_policies":false,"enforce_private_link_service_network_policies":false,"name":"cr3686-subnet1","resource_group_name":"cr3686-RG","service_endpoint_policy_ids":null,"service_endpoints":null,"timeouts":null,"virtual_network_name":"cr3686-vnet"}},{"address":"azurerm_subnet.isesubnet2","mode":"managed","type":"azurerm_subnet","name":"isesubnet2","provider_name":"registry.terraform.io/hashicorp/azurerm","schema_version":0,"values":{"address_prefixes":["10.0.1.64/26"],"delegation":[],"enforce_private_link_endpoint_network_policies":false,"enforce_private_link_service_network_policies":false,"name":"cr3686-subnet2","resource_group_name":"cr3686-RG","service_endpoint_policy_ids":null,"service_endpoints":null,"timeouts":null,"virtual_network_name":"cr3686-vnet"}},{"address":"azurerm_subnet.isesubnet3","mode":"managed","type":"azurerm_subnet","name":"isesubnet3","provider_name":"registry.terraform.io/hashicorp/azurerm","schema_version":0,"values":{"address_prefixes":["10.0.1.128/26"],"delegation":[],"enforce_private_link_endpoint_network_policies":false,"enforce_private_link_service_network_policies":false,"name":"cr3686-subnet3","resource_group_name":"cr3686-RG","service_endpoint_policy_ids":null,"service_endpoints":null,"timeouts":null,"virtual_network_name":"cr3686-vnet"}},{"address":"azurerm_subnet.isesubnet4","mode":"managed","type":"azurerm_subnet","name":"isesubnet4","provider_name":"registry.terraform.io/hashicorp/azurerm","schema_version":0,"values":{"address_prefixes":["10.0.1.192/26"],"delegation":[],"enforce_private_link_endpoint_network_policies":false,"enforce_private_link_service_network_policies":false,"name":"cr3686-subnet4","resource_group_name":"cr3686-RG","service_endpoint_policy_ids":null,"service_endpoints":null,"timeouts":null,"virtual_network_name":"cr3686-vnet"}},{"address":"azurerm_virtual_network.example","mode":"managed","type":"azurerm_virtual_network","name":"example","provider_name":"registry.terraform.io/hashicorp/azurerm","schema_version":0,"values":{"address_space":["10.0.0.0/22"],"bgp_community":null,"ddos_protection_plan":[],"flow_timeout_in_minutes":null,"location":"westeurope","name":"cr3686-vnet","resource_group_name":"cr3686-RG","tags":null,"timeouts":null,"vm_protection_enabled":false}}]}},"resource_changes":[{"address":"azurerm_logic_app_integration_account.example","mode":"managed","type":"azurerm_logic_app_integration_account","name":"example","provider_name":"registry.terraform.io/hashicorp/azurerm","change":{"actions":["create"],"before":null,"after":{"integration_service_environment_id":null,"location":"westeurope","name":"cr3686-ia","resource_group_name":"cr3686-RG","sku_name":"Standard","tags":null,"timeouts":null},"after_unknown":{"id":true}}},{"address":"azurerm_logic_app_workflow.workflow","mode":"managed","type":"azurerm_logic_app_workflow","name":"workflow","provider_name":"registry.terraform.io/hashicorp/azurerm","change":{"actions":["create"],"before":null,"after":{"access_control":[{"action":[{"allowed_caller_ip_address_range":["10.10.0.2/32"]}],"content":[{"allowed_caller_ip_address_range":["10.10.0.2/32"]}],"trigger":[{"allowed_caller_ip_address_range":["10.10.0.2/32"],"open_authentication_policy":[]}],"workflow_management":[{"allowed_caller_ip_address_range":["10.10.0.2/32"]}]}],"enabled":true,"identity":[],"integration_service_environment_id":null,"location":"westeurope","logic_app_integration_account_id":"azurerm_logic_app_integration_account.example.id","name":"cr3686-workflow","parameters":{"b":"true"},"resource_group_name":"cr3686-RG","tags":{"environment":"prod"},"timeouts":null,"workflow_parameters":{"b":"{\"type\":\"Bool\"}"},"workflow_schema":"https://schema.management.azure.com/providers/Microsoft.Logic/schemas/2016-06-01/workflowdefinition.json#","workflow_version":"1.0.0.0"},"after_unknown":{"access_control":[{"action":[{"allowed_caller_ip_address_range":[false]}],"content":[{"allowed_caller_ip_address_range":[false]}],"trigger":[{"allowed_caller_ip_address_range":[false],"open_authentication_policy":[]}],"workflow_management":[{"allowed_caller_ip_address_range":[false]}]}],"access_endpoint":true,"connector_endpoint_ip_addresses":true,"connector_outbound_ip_addresses":true,"id":true,"identity":[],"parameters":{},"tags":{},"workflow_endpoint_ip_addresses":true,"workflow_outbound_ip_addresses":true,"workflow_parameters":{}}}},{"address":"azurerm_monitor_diagnostic_setting.example","mode":"managed","type":"azurerm_monitor_diagnostic_setting","name":"example","provider_name":"registry.terraform.io/hashicorp/azurerm","change":{"actions":["create"],"before":null,"after":{"eventhub_authorization_rule_id":null,"eventhub_name":null,"log":[{"category":"WorkflowRuntime","enabled":true,"retention_policy":[{"days":31,"enabled":true}]}],"log_analytics_destination_type":null,"log_analytics_workspace_id":null,"metric":[{"category":"AllMetrics","enabled":false,"retention_policy":[{"days":null,"enabled":false}]}],"name":"example","storage_account_id":"azurerm_storage_account.storacc.id","target_resource_id":"azurerm_logic_app_workflow.workflow.id","timeouts":null},"after_unknown":{"id":true,"log":[{"retention_policy":[{}]}],"metric":[{"retention_policy":[{}]}]}}},{"address":"azurerm_resource_group.rg","mode":"managed","type":"azurerm_resource_group","name":"rg","provider_name":"registry.terraform.io/hashicorp/azurerm","change":{"actions":["create"],"before":null,"after":{"location":"westeurope","name":"cr3686-RG","tags":null,"timeouts":null},"after_unknown":{"id":true}}},{"address":"azurerm_storage_account.storacc","mode":"managed","type":"azurerm_storage_account","name":"storacc","provider_name":"registry.terraform.io/hashicorp/azurerm","change":{"actions":["create"],"before":null,"after":{"account_kind":"StorageV2","account_replication_type":"LRS","account_tier":"Standard","allow_blob_public_access":false,"azure_files_authentication":[],"custom_domain":[],"enable_https_traffic_only":true,"is_hns_enabled":false,"location":"westeurope","min_tls_version":"TLS1_0","name":"cr3686batchstacc","nfsv3_enabled":false,"queue_encryption_key_type":"Service","resource_group_name":"cr3686-RG","shared_access_key_enabled":true,"static_website":[],"table_encryption_key_type":"Service","tags":null,"timeouts":null},"after_unknown":{"access_tier":true,"azure_files_authentication":[],"blob_properties":true,"custom_domain":[],"id":true,"identity":true,"large_file_share_enabled":true,"network_rules":true,"primary_access_key":true,"primary_blob_connection_string":true,"primary_blob_endpoint":true,"primary_blob_host":true,"primary_connection_string":true,"primary_dfs_endpoint":true,"primary_dfs_host":true,"primary_file_endpoint":true,"primary_file_host":true,"primary_location":true,"primary_queue_endpoint":true,"primary_queue_host":true,"primary_table_endpoint":true,"primary_table_host":true,"primary_web_endpoint":true,"primary_web_host":true,"queue_properties":true,"routing":true,"secondary_access_key":true,"secondary_blob_connection_string":true,"secondary_blob_endpoint":true,"secondary_blob_host":true,"secondary_connection_string":true,"secondary_dfs_endpoint":true,"secondary_dfs_host":true,"secondary_file_endpoint":true,"secondary_file_host":true,"secondary_location":true,"secondary_queue_endpoint":true,"secondary_queue_host":true,"secondary_table_endpoint":true,"secondary_table_host":true,"secondary_web_endpoint":true,"secondary_web_host":true,"share_properties":true,"static_website":[]}}},{"address":"azurerm_subnet.isesubnet1","mode":"managed","type":"azurerm_subnet","name":"isesubnet1","provider_name":"registry.terraform.io/hashicorp/azurerm","change":{"actions":["create"],"before":null,"after":{"address_prefixes":["10.0.1.0/26"],"delegation":[{"name":"integrationServiceEnvironments","service_delegation":[{"actions":null,"name":"Microsoft.Logic/integrationServiceEnvironments"}]}],"enforce_private_link_endpoint_network_policies":false,"enforce_private_link_service_network_policies":false,"name":"cr3686-subnet1","resource_group_name":"cr3686-RG","service_endpoint_policy_ids":null,"service_endpoints":null,"timeouts":null,"virtual_network_name":"cr3686-vnet"},"after_unknown":{"address_prefix":true,"address_prefixes":[false],"delegation":[{"service_delegation":[{}]}],"id":true}}},{"address":"azurerm_subnet.isesubnet2","mode":"managed","type":"azurerm_subnet","name":"isesubnet2","provider_name":"registry.terraform.io/hashicorp/azurerm","change":{"actions":["create"],"before":null,"after":{"address_prefixes":["10.0.1.64/26"],"delegation":[],"enforce_private_link_endpoint_network_policies":false,"enforce_private_link_service_network_policies":false,"name":"cr3686-subnet2","resource_group_name":"cr3686-RG","service_endpoint_policy_ids":null,"service_endpoints":null,"timeouts":null,"virtual_network_name":"cr3686-vnet"},"after_unknown":{"address_prefix":true,"address_prefixes":[false],"delegation":[],"id":true}}},{"address":"azurerm_subnet.isesubnet3","mode":"managed","type":"azurerm_subnet","name":"isesubnet3","provider_name":"registry.terraform.io/hashicorp/azurerm","change":{"actions":["create"],"before":null,"after":{"address_prefixes":["10.0.1.128/26"],"delegation":[],"enforce_private_link_endpoint_network_policies":false,"enforce_private_link_service_network_policies":false,"name":"cr3686-subnet3","resource_group_name":"cr3686-RG","service_endpoint_policy_ids":null,"service_endpoints":null,"timeouts":null,"virtual_network_name":"cr3686-vnet"},"after_unknown":{"address_prefix":true,"address_prefixes":[false],"delegation":[],"id":true}}},{"address":"azurerm_subnet.isesubnet4","mode":"managed","type":"azurerm_subnet","name":"isesubnet4","provider_name":"registry.terraform.io/hashicorp/azurerm","change":{"actions":["create"],"before":null,"after":{"address_prefixes":["10.0.1.192/26"],"delegation":[],"enforce_private_link_endpoint_network_policies":false,"enforce_private_link_service_network_policies":false,"name":"cr3686-subnet4","resource_group_name":"cr3686-RG","service_endpoint_policy_ids":null,"service_endpoints":null,"timeouts":null,"virtual_network_name":"cr3686-vnet"},"after_unknown":{"address_prefix":true,"address_prefixes":[false],"delegation":[],"id":true}}},{"address":"azurerm_virtual_network.example","mode":"managed","type":"azurerm_virtual_network","name":"example","provider_name":"registry.terraform.io/hashicorp/azurerm","change":{"actions":["create"],"before":null,"after":{"address_space":["10.0.0.0/22"],"bgp_community":null,"ddos_protection_plan":[],"flow_timeout_in_minutes":null,"location":"westeurope","name":"cr3686-vnet","resource_group_name":"cr3686-RG","tags":null,"timeouts":null,"vm_protection_enabled":false},"after_unknown":{"address_space":[false],"ddos_protection_plan":[],"dns_servers":true,"guid":true,"id":true,"subnet":true}}}],"configuration":{"provider_config":{"azurerm":{"name":"azurerm","expressions":{"features":[{}]}}},"root_module":{"resources":[{"address":"azurerm_logic_app_integration_account.example","mode":"managed","type":"azurerm_logic_app_integration_account","name":"example","provider_config_key":"azurerm","expressions":{"location":{"references":["azurerm_resource_group.rg"]},"name":{"references":["local.resource_prefix"]},"resource_group_name":{"references":["azurerm_resource_group.rg"]},"sku_name":{"constant_value":"Standard"}},"schema_version":0,"raw_data":{"FileName":"main.tf","StartLine":81,"EndLine":86}},{"address":"azurerm_logic_app_workflow.workflow","mode":"managed","type":"azurerm_logic_app_workflow","name":"workflow","provider_config_key":"azurerm","expressions":{"access_control":[{"action":[{"allowed_caller_ip_address_range":{"constant_value":["10.10.0.2/32"]}}],"content":[{"allowed_caller_ip_address_range":{"constant_value":["10.10.0.2/32"]}}],"trigger":[{"allowed_caller_ip_address_range":{"constant_value":["10.10.0.2/32"]}}],"workflow_management":[{"allowed_caller_ip_address_range":{"constant_value":["10.10.0.2/32"]}}]}],"enabled":{"constant_value":true},"location":{"references":["azurerm_resource_group.rg"]},"logic_app_integration_account_id":{"references":["azurerm_logic_app_integration_account.example"]},"name":{"references":["local.resource_prefix"]},"parameters":{"constant_value":{"b":"true"}},"resource_group_name":{"references":["azurerm_resource_group.rg"]},"tags":{"constant_value":{"environment":"prod"}},"workflow_parameters":{},"workflow_schema":{"constant_value":"https://schema.management.azure.com/providers/Microsoft.Logic/schemas/2016-06-01/workflowdefinition.json#"},"workflow_version":{"constant_value":"1.0.0.0"}},"schema_version":0,"raw_data":{"FileName":"main.tf","StartLine":88,"EndLine":134}},{"address":"azurerm_monitor_diagnostic_setting.example","mode":"managed","type":"azurerm_monitor_diagnostic_setting","name":"example","provider_config_key":"azurerm","expressions":{"log":[{"category":{"constant_value":"WorkflowRuntime"},"enabled":{"constant_value":true},"retention_policy":[{"days":{"constant_value":31},"enabled":{"constant_value":true}}]}],"metric":[{"category":{"constant_value":"AllMetrics"},"enabled":{"constant_value":false},"retention_policy":[{"enabled":{"constant_value":false}}]}],"name":{"constant_value":"example"},"storage_account_id":{"references":["azurerm_storage_account.storacc"]},"target_resource_id":{"references":["azurerm_logic_app_workflow.workflow"]}},"schema_version":0,"raw_data":{"FileName":"main.tf","StartLine":136,"EndLine":157}},{"address":"azurerm_resource_group.rg","mode":"managed","type":"azurerm_resource_group","name":"rg","provider_config_key":"azurerm","expressions":{"location":{"constant_value":"West Europe"},"name":{"references":["local.resource_prefix"]}},"schema_version":0,"raw_data":{"FileName":"main.tf","StartLine":9,"EndLine":12}},{"address":"azurerm_storage_account.storacc","mode":"managed","type":"azurerm_storage_account","name":"storacc","provider_config_key":"azurerm","expressions":{"account_replication_type":{"constant_value":"LRS"},"account_tier":{"constant_value":"Standard"},"location":{"references":["azurerm_resource_group.rg"]},"name":{"references":["local.resource_prefix"]},"resource_group_name":{"references":["azurerm_resource_group.rg"]}},"schema_version":2,"raw_data":{"FileName":"main.tf","StartLine":14,"EndLine":20}},{"address":"azurerm_subnet.isesubnet1","mode":"managed","type":"azurerm_subnet","name":"isesubnet1","provider_config_key":"azurerm","expressions":{"address_prefixes":{"constant_value":["10.0.1.0/26"]},"delegation":[{"name":{"constant_value":"integrationServiceEnvironments"},"service_delegation":[{"name":{"constant_value":"Microsoft.Logic/integrationServiceEnvironments"}}]}],"name":{"references":["local.resource_prefix"]},"resource_group_name":{"references":["azurerm_resource_group.rg"]},"virtual_network_name":{"references":["azurerm_virtual_network.example"]}},"schema_version":0,"raw_data":{"FileName":"main.tf","StartLine":29,"EndLine":41}},{"address":"azurerm_subnet.isesubnet2","mode":"managed","type":"azurerm_subnet","name":"isesubnet2","provider_config_key":"azurerm","expressions":{"address_prefixes":{"constant_value":["10.0.1.64/26"]},"name":{"references":["local.resource_prefix"]},"resource_group_name":{"references":["azurerm_resource_group.rg"]},"virtual_network_name":{"references":["azurerm_virtual_network.example"]}},"schema_version":0,"raw_data":{"FileName":"main.tf","StartLine":43,"EndLine":48}},{"address":"azurerm_subnet.isesubnet3","mode":"managed","type":"azurerm_subnet","name":"isesubnet3","provider_config_key":"azurerm","expressions":{"address_prefixes":{"constant_value":["10.0.1.128/26"]},"name":{"references":["local.resource_prefix"]},"resource_group_name":{"references":["azurerm_resource_group.rg"]},"virtual_network_name":{"references":["azurerm_virtual_network.example"]}},"schema_version":0,"raw_data":{"FileName":"main.tf","StartLine":50,"EndLine":55}},{"address":"azurerm_subnet.isesubnet4","mode":"managed","type":"azurerm_subnet","name":"isesubnet4","provider_config_key":"azurerm","expressions":{"address_prefixes":{"constant_value":["10.0.1.192/26"]},"name":{"references":["local.resource_prefix"]},"resource_group_name":{"references":["azurerm_resource_group.rg"]},"virtual_network_name":{"references":["azurerm_virtual_network.example"]}},"schema_version":0,"raw_data":{"FileName":"main.tf","StartLine":57,"EndLine":62}},{"address":"azurerm_virtual_network.example","mode":"managed","type":"azurerm_virtual_network","name":"example","provider_config_key":"azurerm","expressions":{"address_space":{"constant_value":["10.0.0.0/22"]},"location":{"references":["azurerm_resource_group.rg"]},"name":{"references":["local.resource_prefix"]},"resource_group_name":{"references":["azurerm_resource_group.rg"]}},"schema_version":0,"raw_data":{"FileName":"main.tf","StartLine":22,"EndLine":27}}]}}}
