{"format_version":"0.1","terraform_version":"0.14.6","planned_values":{"root_module":{"resources":[{"address":"aws_cloudwatch_event_rule.web-server-schedule-every-1d-rule","mode":"managed","type":"aws_cloudwatch_event_rule","name":"web-server-schedule-every-1d-rule","provider_name":"registry.terraform.io/hashicorp/aws","schema_version":0,"values":{"arn":"arn:aws:events:us-east-1:111111111111:rule/web-server-schedule-every-1d-rule","description":"","event_bus_name":"default","event_pattern":null,"id":"web-server-schedule-every-1d-rule","is_enabled":true,"name":"web-server-schedule-every-1d-rule","name_prefix":"","role_arn":"","schedule_expression":"rate(24 hours)","tags":{},"tags_all":{}}},{"address":"aws_cloudwatch_event_target.web-server-et","mode":"managed","type":"aws_cloudwatch_event_target","name":"web-server-et","provider_name":"registry.terraform.io/hashicorp/aws","schema_version":1,"values":{"arn":"arn:aws:ecs:us-east-1:111111111111:cluster/ecs-cluster","batch_target":[],"dead_letter_config":[],"ecs_target":[{"enable_ecs_managed_tags":null,"enable_execute_command":null,"group":null,"launch_type":"FARGATE","network_configuration":[{"assign_public_ip":true,"security_groups":["sg-09eb8dc71904265ea"],"subnets":["subnet-0a4f859b2253a6209"]}],"placement_constraint":[],"platform_version":null,"propagate_tags":null,"tags":null,"task_count":1,"task_definition_arn":"arn:aws:ecs:us-east-1:111111111111:task-definition/web-server-task:76"}],"event_bus_name":"default","http_target":[],"id":"web-server-schedule-every-1d-rule-web-server-target-id","input":"","input_path":"","input_transformer":[],"kinesis_target":[],"redshift_target":[],"retry_policy":[],"role_arn":"arn:aws:iam::111111111111:role/aws-service-role/ecs.amazonaws.com/AWSServiceRoleForECS","rule":"web-server-schedule-every-1d-rule","run_command_targets":[],"sqs_target":[],"target_id":"web-server-target-id"}},{"address":"aws_ecs_cluster.ecs-cluster","mode":"managed","type":"aws_ecs_cluster","name":"ecs-cluster","provider_name":"registry.terraform.io/hashicorp/aws","schema_version":0,"values":{"arn":"arn:aws:ecs:us-east-1:111111111111:cluster/ecs-cluster","capacity_providers":[],"configuration":[],"default_capacity_provider_strategy":[],"id":"arn:aws:ecs:us-east-1:111111111111:cluster/ecs-cluster","name":"ecs-cluster","setting":[],"tags":{},"tags_all":{}}},{"address":"aws_ecs_task_definition.web-server-task-definition","mode":"managed","type":"aws_ecs_task_definition","name":"web-server-task-definition","provider_name":"registry.terraform.io/hashicorp/aws","schema_version":1,"values":{"arn":"arn:aws:ecs:us-east-1:111111111111:task-definition/web-server-task:76","container_definitions":"  [\n    {\n      \"name\": \"apache-web-server\",\n      \"image\": \"167389268608.dkr.ecr.us-east-1.amazonaws.com/apache-web-server:latest\",\n      \"essential\": true,\n      \"portMappings\": [\n        {\n          \"containerPort\": 80,\n          \"hostPort\": 80,\n          \"protocol\": \"tcp\"\n        }\n      ]\n    }\n  ]\n","cpu":"256","ephemeral_storage":[],"execution_role_arn":"arn:aws:iam::111111111111:role/aws-service-role/ecs.amazonaws.com/AWSServiceRoleForECS","family":"web-server-task","id":"web-server-task","inference_accelerator":[],"ipc_mode":"","memory":"512","network_mode":"awsvpc","pid_mode":"","placement_constraints":[],"proxy_configuration":[],"requires_compatibilities":["FARGATE"],"revision":76,"tags":{},"tags_all":{},"task_role_arn":"","volume":[]}},{"address":"aws_internet_gateway.igw","mode":"managed","type":"aws_internet_gateway","name":"igw","provider_name":"registry.terraform.io/hashicorp/aws","schema_version":0,"values":{"arn":"arn:aws:ec2:us-east-1:111111111111:internet-gateway/igw-02a2d200359e54403","id":"igw-02a2d200359e54403","owner_id":"111111111111","tags":{},"tags_all":{},"vpc_id":"vpc-0eaf2610bbc1b7688"}},{"address":"aws_network_acl.public-subnet-nacl","mode":"managed","type":"aws_network_acl","name":"public-subnet-nacl","provider_name":"registry.terraform.io/hashicorp/aws","schema_version":0,"values":{"arn":"arn:aws:ec2:us-east-1:111111111111:network-acl/acl-05773ad7d99001a72","egress":[{"action":"allow","cidr_block":"0.0.0.0/0","from_port":0,"icmp_code":0,"icmp_type":0,"ipv6_cidr_block":"","protocol":"-1","rule_no":100,"to_port":0}],"id":"acl-05773ad7d99001a72","ingress":[{"action":"allow","cidr_block":"0.0.0.0/0","from_port":80,"icmp_code":0,"icmp_type":0,"ipv6_cidr_block":"","protocol":"6","rule_no":100,"to_port":3306}],"owner_id":"111111111111","subnet_ids":["subnet-0a4f859b2253a6209"],"tags":{},"tags_all":{},"vpc_id":"vpc-0eaf2610bbc1b7688"}},{"address":"aws_network_acl_rule.inbound-rule","mode":"managed","type":"aws_network_acl_rule","name":"inbound-rule","provider_name":"registry.terraform.io/hashicorp/aws","schema_version":0,"values":{"cidr_block":"0.0.0.0/0","egress":false,"from_port":80,"icmp_code":null,"icmp_type":null,"id":"nacl-1756397925","ipv6_cidr_block":"","network_acl_id":"acl-05773ad7d99001a72","protocol":"tcp","rule_action":"allow","rule_number":100,"to_port":3306}},{"address":"aws_network_acl_rule.outbound-rule","mode":"managed","type":"aws_network_acl_rule","name":"outbound-rule","provider_name":"registry.terraform.io/hashicorp/aws","schema_version":0,"values":{"cidr_block":"0.0.0.0/0","egress":true,"from_port":0,"icmp_code":null,"icmp_type":null,"id":"nacl-1803636859","ipv6_cidr_block":"","network_acl_id":"acl-05773ad7d99001a72","protocol":"-1","rule_action":"allow","rule_number":100,"to_port":0}},{"address":"aws_route.igw-route","mode":"managed","type":"aws_route","name":"igw-route","provider_name":"registry.terraform.io/hashicorp/aws","schema_version":0,"values":{"carrier_gateway_id":"","destination_cidr_block":"0.0.0.0/0","destination_ipv6_cidr_block":"","destination_prefix_list_id":"","egress_only_gateway_id":"","gateway_id":"igw-02a2d200359e54403","id":"r-rtb-0a383b9b41e3693071080289494","instance_id":"","instance_owner_id":"","local_gateway_id":"","nat_gateway_id":"","network_interface_id":"","origin":"CreateRoute","route_table_id":"rtb-0a383b9b41e369307","state":"active","timeouts":null,"transit_gateway_id":"","vpc_endpoint_id":"","vpc_peering_connection_id":""}},{"address":"aws_route_table.public-subnet-rt","mode":"managed","type":"aws_route_table","name":"public-subnet-rt","provider_name":"registry.terraform.io/hashicorp/aws","schema_version":0,"values":{"arn":"arn:aws:ec2:us-east-1:111111111111:route-table/rtb-0a383b9b41e369307","id":"rtb-0a383b9b41e369307","owner_id":"111111111111","propagating_vgws":[],"route":[{"carrier_gateway_id":"","cidr_block":"0.0.0.0/0","destination_prefix_list_id":"","egress_only_gateway_id":"","gateway_id":"igw-02a2d200359e54403","instance_id":"","ipv6_cidr_block":"","local_gateway_id":"","nat_gateway_id":"","network_interface_id":"","transit_gateway_id":"","vpc_endpoint_id":"","vpc_peering_connection_id":""}],"tags":{},"tags_all":{},"vpc_id":"vpc-0eaf2610bbc1b7688"}},{"address":"aws_route_table_association.public-subnet-rt-assoc","mode":"managed","type":"aws_route_table_association","name":"public-subnet-rt-assoc","provider_name":"registry.terraform.io/hashicorp/aws","schema_version":0,"values":{"gateway_id":"","id":"rtbassoc-0c0f3c82062ddf1d7","route_table_id":"rtb-0a383b9b41e369307","subnet_id":"subnet-0a4f859b2253a6209"}},{"address":"aws_security_group.mysql-sg","mode":"managed","type":"aws_security_group","name":"mysql-sg","provider_name":"registry.terraform.io/hashicorp/aws","schema_version":1,"values":{"arn":"arn:aws:ec2:us-east-1:111111111111:security-group/sg-09eb8dc71904265ea","description":"Managed by Terraform","egress":[{"cidr_blocks":["0.0.0.0/0"],"description":null,"from_port":0,"ipv6_cidr_blocks":null,"prefix_list_ids":null,"protocol":"-1","security_groups":null,"self":null,"to_port":0}],"id":"sg-09eb8dc71904265ea","ingress":[{"cidr_blocks":["0.0.0.0/0"],"description":"mysql","from_port":80,"ipv6_cidr_blocks":null,"prefix_list_ids":null,"protocol":"tcp","security_groups":null,"self":null,"to_port":3306}],"name":"sg","name_prefix":"","owner_id":"111111111111","revoke_rules_on_delete":false,"tags":{},"tags_all":{},"timeouts":null,"vpc_id":"vpc-0eaf2610bbc1b7688"}},{"address":"aws_subnet.public-subnet","mode":"managed","type":"aws_subnet","name":"public-subnet","provider_name":"registry.terraform.io/hashicorp/aws","schema_version":1,"values":{"arn":"arn:aws:ec2:us-east-1:111111111111:subnet/subnet-0a4f859b2253a6209","assign_ipv6_address_on_creation":false,"availability_zone":"us-east-1a","availability_zone_id":"use1-az1","cidr_block":"192.168.10.0/24","customer_owned_ipv4_pool":"","id":"subnet-0a4f859b2253a6209","ipv6_cidr_block":"","ipv6_cidr_block_association_id":"","map_customer_owned_ip_on_launch":false,"map_public_ip_on_launch":false,"outpost_arn":"","owner_id":"111111111111","tags":{},"tags_all":{},"timeouts":null,"vpc_id":"vpc-0eaf2610bbc1b7688"}},{"address":"aws_vpc.test-vpc","mode":"managed","type":"aws_vpc","name":"test-vpc","provider_name":"registry.terraform.io/hashicorp/aws","schema_version":1,"values":{"arn":"arn:aws:ec2:us-east-1:111111111111:vpc/vpc-0eaf2610bbc1b7688","assign_generated_ipv6_cidr_block":false,"cidr_block":"192.168.10.0/24","default_network_acl_id":"acl-0d554d7014159fd88","default_route_table_id":"rtb-0ed8fbad84ffce216","default_security_group_id":"sg-021468d0c62aaf435","dhcp_options_id":"dopt-3045214a","enable_classiclink":false,"enable_classiclink_dns_support":false,"enable_dns_hostnames":false,"enable_dns_support":true,"id":"vpc-0eaf2610bbc1b7688","instance_tenancy":"default","ipv6_association_id":"","ipv6_cidr_block":"","main_route_table_id":"rtb-0ed8fbad84ffce216","owner_id":"111111111111","tags":{},"tags_all":{}}},{"address":"data.aws_ecs_container_definition.container-definition","mode":"data","type":"aws_ecs_container_definition","name":"container-definition","provider_name":"registry.terraform.io/hashicorp/aws","schema_version":0,"values":{"container_name":"apache-web-server","task_definition":"web-server-task"}}]}},"resource_changes":[{"address":"aws_cloudwatch_event_rule.web-server-schedule-every-1d-rule","mode":"managed","type":"aws_cloudwatch_event_rule","name":"web-server-schedule-every-1d-rule","provider_name":"registry.terraform.io/hashicorp/aws","change":{"actions":["no-op"],"before":{"arn":"arn:aws:events:us-east-1:111111111111:rule/web-server-schedule-every-1d-rule","description":"","event_bus_name":"default","event_pattern":null,"id":"web-server-schedule-every-1d-rule","is_enabled":true,"name":"web-server-schedule-every-1d-rule","name_prefix":"","role_arn":"","schedule_expression":"rate(24 hours)","tags":{},"tags_all":{}},"after":{"arn":"arn:aws:events:us-east-1:111111111111:rule/web-server-schedule-every-1d-rule","description":"","event_bus_name":"default","event_pattern":null,"id":"web-server-schedule-every-1d-rule","is_enabled":true,"name":"web-server-schedule-every-1d-rule","name_prefix":"","role_arn":"","schedule_expression":"rate(24 hours)","tags":{},"tags_all":{}},"after_unknown":{}}},{"address":"aws_cloudwatch_event_target.web-server-et","mode":"managed","type":"aws_cloudwatch_event_target","name":"web-server-et","provider_name":"registry.terraform.io/hashicorp/aws","change":{"actions":["update"],"before":{"arn":"arn:aws:ecs:us-east-1:111111111111:cluster/ecs-cluster","batch_target":[],"dead_letter_config":[],"ecs_target":[{"enable_ecs_managed_tags":false,"enable_execute_command":false,"group":"","launch_type":"FARGATE","network_configuration":[{"assign_public_ip":true,"security_groups":["sg-09eb8dc71904265ea"],"subnets":["subnet-0a4f859b2253a6209"]}],"placement_constraint":[],"platform_version":"","propagate_tags":"TASK_DEFINITION","tags":{},"task_count":1,"task_definition_arn":"arn:aws:ecs:us-east-1:111111111111:task-definition/web-server-task:76"}],"event_bus_name":"default","http_target":[],"id":"web-server-schedule-every-1d-rule-web-server-target-id","input":"","input_path":"","input_transformer":[],"kinesis_target":[],"redshift_target":[],"retry_policy":[],"role_arn":"arn:aws:iam::111111111111:role/aws-service-role/ecs.amazonaws.com/AWSServiceRoleForECS","rule":"web-server-schedule-every-1d-rule","run_command_targets":[],"sqs_target":[],"target_id":"web-server-target-id"},"after":{"arn":"arn:aws:ecs:us-east-1:111111111111:cluster/ecs-cluster","batch_target":[],"dead_letter_config":[],"ecs_target":[{"enable_ecs_managed_tags":null,"enable_execute_command":null,"group":null,"launch_type":"FARGATE","network_configuration":[{"assign_public_ip":true,"security_groups":["sg-09eb8dc71904265ea"],"subnets":["subnet-0a4f859b2253a6209"]}],"placement_constraint":[],"platform_version":null,"propagate_tags":null,"tags":null,"task_count":1,"task_definition_arn":"arn:aws:ecs:us-east-1:111111111111:task-definition/web-server-task:76"}],"event_bus_name":"default","http_target":[],"id":"web-server-schedule-every-1d-rule-web-server-target-id","input":"","input_path":"","input_transformer":[],"kinesis_target":[],"redshift_target":[],"retry_policy":[],"role_arn":"arn:aws:iam::111111111111:role/aws-service-role/ecs.amazonaws.com/AWSServiceRoleForECS","rule":"web-server-schedule-every-1d-rule","run_command_targets":[],"sqs_target":[],"target_id":"web-server-target-id"},"after_unknown":{}}},{"address":"aws_ecs_cluster.ecs-cluster","mode":"managed","type":"aws_ecs_cluster","name":"ecs-cluster","provider_name":"registry.terraform.io/hashicorp/aws","change":{"actions":["no-op"],"before":{"arn":"arn:aws:ecs:us-east-1:111111111111:cluster/ecs-cluster","capacity_providers":[],"configuration":[],"default_capacity_provider_strategy":[],"id":"arn:aws:ecs:us-east-1:111111111111:cluster/ecs-cluster","name":"ecs-cluster","setting":[],"tags":{},"tags_all":{}},"after":{"arn":"arn:aws:ecs:us-east-1:111111111111:cluster/ecs-cluster","capacity_providers":[],"configuration":[],"default_capacity_provider_strategy":[],"id":"arn:aws:ecs:us-east-1:111111111111:cluster/ecs-cluster","name":"ecs-cluster","setting":[],"tags":{},"tags_all":{}},"after_unknown":{}}},{"address":"aws_ecs_task_definition.web-server-task-definition","mode":"managed","type":"aws_ecs_task_definition","name":"web-server-task-definition","provider_name":"registry.terraform.io/hashicorp/aws","change":{"actions":["update"],"before":{"arn":"arn:aws:ecs:us-east-1:111111111111:task-definition/web-server-task:76","container_definitions":"[{\"cpu\":0,\"environment\":[],\"essential\":true,\"image\":\"167389268608.dkr.ecr.us-east-1.amazonaws.com/apache-web-server:latest\",\"mountPoints\":[],\"name\":\"apache-web-server\",\"portMappings\":[{\"containerPort\":80,\"hostPort\":80,\"protocol\":\"tcp\"}],\"volumesFrom\":[]}]","cpu":"256","ephemeral_storage":[],"execution_role_arn":"arn:aws:iam::111111111111:role/aws-service-role/ecs.amazonaws.com/AWSServiceRoleForECS","family":"web-server-task","id":"web-server-task","inference_accelerator":[],"ipc_mode":"","memory":"512","network_mode":"awsvpc","pid_mode":"","placement_constraints":[],"proxy_configuration":[],"requires_compatibilities":["FARGATE"],"revision":76,"tags":{},"tags_all":{},"task_role_arn":"","volume":[]},"after":{"arn":"arn:aws:ecs:us-east-1:111111111111:task-definition/web-server-task:76","container_definitions":"  [\n    {\n      \"name\": \"apache-web-server\",\n      \"image\": \"167389268608.dkr.ecr.us-east-1.amazonaws.com/apache-web-server:latest\",\n      \"essential\": true,\n      \"portMappings\": [\n        {\n          \"containerPort\": 80,\n          \"hostPort\": 80,\n          \"protocol\": \"tcp\"\n        }\n      ]\n    }\n  ]\n","cpu":"256","ephemeral_storage":[],"execution_role_arn":"arn:aws:iam::111111111111:role/aws-service-role/ecs.amazonaws.com/AWSServiceRoleForECS","family":"web-server-task","id":"web-server-task","inference_accelerator":[],"ipc_mode":"","memory":"512","network_mode":"awsvpc","pid_mode":"","placement_constraints":[],"proxy_configuration":[],"requires_compatibilities":["FARGATE"],"revision":76,"tags":{},"tags_all":{},"task_role_arn":"","volume":[]},"after_unknown":{}}},{"address":"aws_internet_gateway.igw","mode":"managed","type":"aws_internet_gateway","name":"igw","provider_name":"registry.terraform.io/hashicorp/aws","change":{"actions":["no-op"],"before":{"arn":"arn:aws:ec2:us-east-1:111111111111:internet-gateway/igw-02a2d200359e54403","id":"igw-02a2d200359e54403","owner_id":"111111111111","tags":{},"tags_all":{},"vpc_id":"vpc-0eaf2610bbc1b7688"},"after":{"arn":"arn:aws:ec2:us-east-1:111111111111:internet-gateway/igw-02a2d200359e54403","id":"igw-02a2d200359e54403","owner_id":"111111111111","tags":{},"tags_all":{},"vpc_id":"vpc-0eaf2610bbc1b7688"},"after_unknown":{}}},{"address":"aws_network_acl.public-subnet-nacl","mode":"managed","type":"aws_network_acl","name":"public-subnet-nacl","provider_name":"registry.terraform.io/hashicorp/aws","change":{"actions":["no-op"],"before":{"arn":"arn:aws:ec2:us-east-1:111111111111:network-acl/acl-05773ad7d99001a72","egress":[{"action":"allow","cidr_block":"0.0.0.0/0","from_port":0,"icmp_code":0,"icmp_type":0,"ipv6_cidr_block":"","protocol":"-1","rule_no":100,"to_port":0}],"id":"acl-05773ad7d99001a72","ingress":[{"action":"allow","cidr_block":"0.0.0.0/0","from_port":80,"icmp_code":0,"icmp_type":0,"ipv6_cidr_block":"","protocol":"6","rule_no":100,"to_port":3306}],"owner_id":"111111111111","subnet_ids":["subnet-0a4f859b2253a6209"],"tags":{},"tags_all":{},"vpc_id":"vpc-0eaf2610bbc1b7688"},"after":{"arn":"arn:aws:ec2:us-east-1:111111111111:network-acl/acl-05773ad7d99001a72","egress":[{"action":"allow","cidr_block":"0.0.0.0/0","from_port":0,"icmp_code":0,"icmp_type":0,"ipv6_cidr_block":"","protocol":"-1","rule_no":100,"to_port":0}],"id":"acl-05773ad7d99001a72","ingress":[{"action":"allow","cidr_block":"0.0.0.0/0","from_port":80,"icmp_code":0,"icmp_type":0,"ipv6_cidr_block":"","protocol":"6","rule_no":100,"to_port":3306}],"owner_id":"111111111111","subnet_ids":["subnet-0a4f859b2253a6209"],"tags":{},"tags_all":{},"vpc_id":"vpc-0eaf2610bbc1b7688"},"after_unknown":{}}},{"address":"aws_network_acl_rule.inbound-rule","mode":"managed","type":"aws_network_acl_rule","name":"inbound-rule","provider_name":"registry.terraform.io/hashicorp/aws","change":{"actions":["no-op"],"before":{"cidr_block":"0.0.0.0/0","egress":false,"from_port":80,"icmp_code":null,"icmp_type":null,"id":"nacl-1756397925","ipv6_cidr_block":"","network_acl_id":"acl-05773ad7d99001a72","protocol":"tcp","rule_action":"allow","rule_number":100,"to_port":3306},"after":{"cidr_block":"0.0.0.0/0","egress":false,"from_port":80,"icmp_code":null,"icmp_type":null,"id":"nacl-1756397925","ipv6_cidr_block":"","network_acl_id":"acl-05773ad7d99001a72","protocol":"tcp","rule_action":"allow","rule_number":100,"to_port":3306},"after_unknown":{}}},{"address":"aws_network_acl_rule.outbound-rule","mode":"managed","type":"aws_network_acl_rule","name":"outbound-rule","provider_name":"registry.terraform.io/hashicorp/aws","change":{"actions":["update"],"before":{"cidr_block":"0.0.0.0/0","egress":true,"from_port":0,"icmp_code":null,"icmp_type":null,"id":"nacl-1803636859","ipv6_cidr_block":"","network_acl_id":"acl-05773ad7d99001a72","protocol":"all","rule_action":"allow","rule_number":100,"to_port":0},"after":{"cidr_block":"0.0.0.0/0","egress":true,"from_port":0,"icmp_code":null,"icmp_type":null,"id":"nacl-1803636859","ipv6_cidr_block":"","network_acl_id":"acl-05773ad7d99001a72","protocol":"-1","rule_action":"allow","rule_number":100,"to_port":0},"after_unknown":{}}},{"address":"aws_route.igw-route","mode":"managed","type":"aws_route","name":"igw-route","provider_name":"registry.terraform.io/hashicorp/aws","change":{"actions":["no-op"],"before":{"carrier_gateway_id":"","destination_cidr_block":"0.0.0.0/0","destination_ipv6_cidr_block":"","destination_prefix_list_id":"","egress_only_gateway_id":"","gateway_id":"igw-02a2d200359e54403","id":"r-rtb-0a383b9b41e3693071080289494","instance_id":"","instance_owner_id":"","local_gateway_id":"","nat_gateway_id":"","network_interface_id":"","origin":"CreateRoute","route_table_id":"rtb-0a383b9b41e369307","state":"active","timeouts":null,"transit_gateway_id":"","vpc_endpoint_id":"","vpc_peering_connection_id":""},"after":{"carrier_gateway_id":"","destination_cidr_block":"0.0.0.0/0","destination_ipv6_cidr_block":"","destination_prefix_list_id":"","egress_only_gateway_id":"","gateway_id":"igw-02a2d200359e54403","id":"r-rtb-0a383b9b41e3693071080289494","instance_id":"","instance_owner_id":"","local_gateway_id":"","nat_gateway_id":"","network_interface_id":"","origin":"CreateRoute","route_table_id":"rtb-0a383b9b41e369307","state":"active","timeouts":null,"transit_gateway_id":"","vpc_endpoint_id":"","vpc_peering_connection_id":""},"after_unknown":{}}},{"address":"aws_route_table.public-subnet-rt","mode":"managed","type":"aws_route_table","name":"public-subnet-rt","provider_name":"registry.terraform.io/hashicorp/aws","change":{"actions":["no-op"],"before":{"arn":"arn:aws:ec2:us-east-1:111111111111:route-table/rtb-0a383b9b41e369307","id":"rtb-0a383b9b41e369307","owner_id":"111111111111","propagating_vgws":[],"route":[{"carrier_gateway_id":"","cidr_block":"0.0.0.0/0","destination_prefix_list_id":"","egress_only_gateway_id":"","gateway_id":"igw-02a2d200359e54403","instance_id":"","ipv6_cidr_block":"","local_gateway_id":"","nat_gateway_id":"","network_interface_id":"","transit_gateway_id":"","vpc_endpoint_id":"","vpc_peering_connection_id":""}],"tags":{},"tags_all":{},"vpc_id":"vpc-0eaf2610bbc1b7688"},"after":{"arn":"arn:aws:ec2:us-east-1:111111111111:route-table/rtb-0a383b9b41e369307","id":"rtb-0a383b9b41e369307","owner_id":"111111111111","propagating_vgws":[],"route":[{"carrier_gateway_id":"","cidr_block":"0.0.0.0/0","destination_prefix_list_id":"","egress_only_gateway_id":"","gateway_id":"igw-02a2d200359e54403","instance_id":"","ipv6_cidr_block":"","local_gateway_id":"","nat_gateway_id":"","network_interface_id":"","transit_gateway_id":"","vpc_endpoint_id":"","vpc_peering_connection_id":""}],"tags":{},"tags_all":{},"vpc_id":"vpc-0eaf2610bbc1b7688"},"after_unknown":{}}},{"address":"aws_route_table_association.public-subnet-rt-assoc","mode":"managed","type":"aws_route_table_association","name":"public-subnet-rt-assoc","provider_name":"registry.terraform.io/hashicorp/aws","change":{"actions":["no-op"],"before":{"gateway_id":"","id":"rtbassoc-0c0f3c82062ddf1d7","route_table_id":"rtb-0a383b9b41e369307","subnet_id":"subnet-0a4f859b2253a6209"},"after":{"gateway_id":"","id":"rtbassoc-0c0f3c82062ddf1d7","route_table_id":"rtb-0a383b9b41e369307","subnet_id":"subnet-0a4f859b2253a6209"},"after_unknown":{}}},{"address":"aws_security_group.mysql-sg","mode":"managed","type":"aws_security_group","name":"mysql-sg","provider_name":"registry.terraform.io/hashicorp/aws","change":{"actions":["update"],"before":{"arn":"arn:aws:ec2:us-east-1:111111111111:security-group/sg-09eb8dc71904265ea","description":"Managed by Terraform","egress":[{"cidr_blocks":["0.0.0.0/0"],"description":"","from_port":0,"ipv6_cidr_blocks":[],"prefix_list_ids":[],"protocol":"-1","security_groups":[],"self":false,"to_port":0}],"id":"sg-09eb8dc71904265ea","ingress":[{"cidr_blocks":["0.0.0.0/0"],"description":"mysql","from_port":80,"ipv6_cidr_blocks":[],"prefix_list_ids":[],"protocol":"tcp","security_groups":[],"self":false,"to_port":3306}],"name":"sg","name_prefix":"","owner_id":"111111111111","revoke_rules_on_delete":false,"tags":{},"tags_all":{},"timeouts":null,"vpc_id":"vpc-0eaf2610bbc1b7688"},"after":{"arn":"arn:aws:ec2:us-east-1:111111111111:security-group/sg-09eb8dc71904265ea","description":"Managed by Terraform","egress":[{"cidr_blocks":["0.0.0.0/0"],"description":null,"from_port":0,"ipv6_cidr_blocks":null,"prefix_list_ids":null,"protocol":"-1","security_groups":null,"self":null,"to_port":0}],"id":"sg-09eb8dc71904265ea","ingress":[{"cidr_blocks":["0.0.0.0/0"],"description":"mysql","from_port":80,"ipv6_cidr_blocks":null,"prefix_list_ids":null,"protocol":"tcp","security_groups":null,"self":null,"to_port":3306}],"name":"sg","name_prefix":"","owner_id":"111111111111","revoke_rules_on_delete":false,"tags":{},"tags_all":{},"timeouts":null,"vpc_id":"vpc-0eaf2610bbc1b7688"},"after_unknown":{}}},{"address":"aws_subnet.public-subnet","mode":"managed","type":"aws_subnet","name":"public-subnet","provider_name":"registry.terraform.io/hashicorp/aws","change":{"actions":["no-op"],"before":{"arn":"arn:aws:ec2:us-east-1:111111111111:subnet/subnet-0a4f859b2253a6209","assign_ipv6_address_on_creation":false,"availability_zone":"us-east-1a","availability_zone_id":"use1-az1","cidr_block":"192.168.10.0/24","customer_owned_ipv4_pool":"","id":"subnet-0a4f859b2253a6209","ipv6_cidr_block":"","ipv6_cidr_block_association_id":"","map_customer_owned_ip_on_launch":false,"map_public_ip_on_launch":false,"outpost_arn":"","owner_id":"111111111111","tags":{},"tags_all":{},"timeouts":null,"vpc_id":"vpc-0eaf2610bbc1b7688"},"after":{"arn":"arn:aws:ec2:us-east-1:111111111111:subnet/subnet-0a4f859b2253a6209","assign_ipv6_address_on_creation":false,"availability_zone":"us-east-1a","availability_zone_id":"use1-az1","cidr_block":"192.168.10.0/24","customer_owned_ipv4_pool":"","id":"subnet-0a4f859b2253a6209","ipv6_cidr_block":"","ipv6_cidr_block_association_id":"","map_customer_owned_ip_on_launch":false,"map_public_ip_on_launch":false,"outpost_arn":"","owner_id":"111111111111","tags":{},"tags_all":{},"timeouts":null,"vpc_id":"vpc-0eaf2610bbc1b7688"},"after_unknown":{}}},{"address":"aws_vpc.test-vpc","mode":"managed","type":"aws_vpc","name":"test-vpc","provider_name":"registry.terraform.io/hashicorp/aws","change":{"actions":["no-op"],"before":{"arn":"arn:aws:ec2:us-east-1:111111111111:vpc/vpc-0eaf2610bbc1b7688","assign_generated_ipv6_cidr_block":false,"cidr_block":"192.168.10.0/24","default_network_acl_id":"acl-0d554d7014159fd88","default_route_table_id":"rtb-0ed8fbad84ffce216","default_security_group_id":"sg-021468d0c62aaf435","dhcp_options_id":"dopt-3045214a","enable_classiclink":false,"enable_classiclink_dns_support":false,"enable_dns_hostnames":false,"enable_dns_support":true,"id":"vpc-0eaf2610bbc1b7688","instance_tenancy":"default","ipv6_association_id":"","ipv6_cidr_block":"","main_route_table_id":"rtb-0ed8fbad84ffce216","owner_id":"111111111111","tags":{},"tags_all":{}},"after":{"arn":"arn:aws:ec2:us-east-1:111111111111:vpc/vpc-0eaf2610bbc1b7688","assign_generated_ipv6_cidr_block":false,"cidr_block":"192.168.10.0/24","default_network_acl_id":"acl-0d554d7014159fd88","default_route_table_id":"rtb-0ed8fbad84ffce216","default_security_group_id":"sg-021468d0c62aaf435","dhcp_options_id":"dopt-3045214a","enable_classiclink":false,"enable_classiclink_dns_support":false,"enable_dns_hostnames":false,"enable_dns_support":true,"id":"vpc-0eaf2610bbc1b7688","instance_tenancy":"default","ipv6_association_id":"","ipv6_cidr_block":"","main_route_table_id":"rtb-0ed8fbad84ffce216","owner_id":"111111111111","tags":{},"tags_all":{}},"after_unknown":{}}},{"address":"data.aws_ecs_container_definition.container-definition","mode":"data","type":"aws_ecs_container_definition","name":"container-definition","provider_name":"registry.terraform.io/hashicorp/aws","change":{"actions":["read"],"before":{"container_name":"apache-web-server","cpu":0,"disable_networking":false,"docker_labels":{},"environment":{},"id":"arn:aws:ecs:us-east-1:111111111111:task-definition/web-server-task:76/apache-web-server","image":"167389268608.dkr.ecr.us-east-1.amazonaws.com/apache-web-server:latest","image_digest":"latest","memory":0,"memory_reservation":0,"task_definition":"web-server-task"},"after":{"container_name":"apache-web-server","task_definition":"web-server-task"},"after_unknown":{"cpu":true,"disable_networking":true,"docker_labels":true,"environment":true,"id":true,"image":true,"image_digest":true,"memory":true,"memory_reservation":true}}}],"prior_state":{"format_version":"0.1","terraform_version":"1.0.3","values":{"root_module":{"resources":[{"address":"aws_cloudwatch_event_rule.web-server-schedule-every-1d-rule","mode":"managed","type":"aws_cloudwatch_event_rule","name":"web-server-schedule-every-1d-rule","provider_name":"registry.terraform.io/hashicorp/aws","schema_version":0,"values":{"arn":"arn:aws:events:us-east-1:111111111111:rule/web-server-schedule-every-1d-rule","description":"","event_bus_name":"default","event_pattern":null,"id":"web-server-schedule-every-1d-rule","is_enabled":true,"name":"web-server-schedule-every-1d-rule","name_prefix":"","role_arn":"","schedule_expression":"rate(24 hours)","tags":{},"tags_all":{}}},{"address":"aws_cloudwatch_event_target.web-server-et","mode":"managed","type":"aws_cloudwatch_event_target","name":"web-server-et","provider_name":"registry.terraform.io/hashicorp/aws","schema_version":1,"values":{"arn":"arn:aws:ecs:us-east-1:111111111111:cluster/ecs-cluster","batch_target":[],"dead_letter_config":[],"ecs_target":[{"enable_ecs_managed_tags":false,"enable_execute_command":false,"group":"","launch_type":"FARGATE","network_configuration":[{"assign_public_ip":true,"security_groups":["sg-09eb8dc71904265ea"],"subnets":["subnet-0a4f859b2253a6209"]}],"placement_constraint":[],"platform_version":"","propagate_tags":"TASK_DEFINITION","tags":{},"task_count":1,"task_definition_arn":"arn:aws:ecs:us-east-1:111111111111:task-definition/web-server-task:76"}],"event_bus_name":"default","http_target":[],"id":"web-server-schedule-every-1d-rule-web-server-target-id","input":"","input_path":"","input_transformer":[],"kinesis_target":[],"redshift_target":[],"retry_policy":[],"role_arn":"arn:aws:iam::111111111111:role/aws-service-role/ecs.amazonaws.com/AWSServiceRoleForECS","rule":"web-server-schedule-every-1d-rule","run_command_targets":[],"sqs_target":[],"target_id":"web-server-target-id"},"depends_on":["aws_security_group.mysql-sg","aws_subnet.public-subnet","aws_vpc.test-vpc","data.aws_iam_role.ecs_task_execution_role","aws_cloudwatch_event_rule.web-server-schedule-every-1d-rule","aws_ecs_cluster.ecs-cluster","aws_ecs_task_definition.web-server-task-definition"]},{"address":"aws_ecs_cluster.ecs-cluster","mode":"managed","type":"aws_ecs_cluster","name":"ecs-cluster","provider_name":"registry.terraform.io/hashicorp/aws","schema_version":0,"values":{"arn":"arn:aws:ecs:us-east-1:111111111111:cluster/ecs-cluster","capacity_providers":[],"configuration":[],"default_capacity_provider_strategy":[],"id":"arn:aws:ecs:us-east-1:111111111111:cluster/ecs-cluster","name":"ecs-cluster","setting":[],"tags":{},"tags_all":{}}},{"address":"aws_ecs_task_definition.web-server-task-definition","mode":"managed","type":"aws_ecs_task_definition","name":"web-server-task-definition","provider_name":"registry.terraform.io/hashicorp/aws","schema_version":1,"values":{"arn":"arn:aws:ecs:us-east-1:111111111111:task-definition/web-server-task:76","container_definitions":"[{\"cpu\":0,\"environment\":[],\"essential\":true,\"image\":\"167389268608.dkr.ecr.us-east-1.amazonaws.com/apache-web-server:latest\",\"mountPoints\":[],\"name\":\"apache-web-server\",\"portMappings\":[{\"containerPort\":80,\"hostPort\":80,\"protocol\":\"tcp\"}],\"volumesFrom\":[]}]","cpu":"256","ephemeral_storage":[],"execution_role_arn":"arn:aws:iam::111111111111:role/aws-service-role/ecs.amazonaws.com/AWSServiceRoleForECS","family":"web-server-task","id":"web-server-task","inference_accelerator":[],"ipc_mode":"","memory":"512","network_mode":"awsvpc","pid_mode":"","placement_constraints":[],"proxy_configuration":[],"requires_compatibilities":["FARGATE"],"revision":76,"tags":{},"tags_all":{},"task_role_arn":"","volume":[]},"depends_on":["data.aws_iam_role.ecs_task_execution_role"]},{"address":"aws_internet_gateway.igw","mode":"managed","type":"aws_internet_gateway","name":"igw","provider_name":"registry.terraform.io/hashicorp/aws","schema_version":0,"values":{"arn":"arn:aws:ec2:us-east-1:111111111111:internet-gateway/igw-02a2d200359e54403","id":"igw-02a2d200359e54403","owner_id":"111111111111","tags":{},"tags_all":{},"vpc_id":"vpc-0eaf2610bbc1b7688"},"depends_on":["aws_vpc.test-vpc"]},{"address":"aws_network_acl.public-subnet-nacl","mode":"managed","type":"aws_network_acl","name":"public-subnet-nacl","provider_name":"registry.terraform.io/hashicorp/aws","schema_version":0,"values":{"arn":"arn:aws:ec2:us-east-1:111111111111:network-acl/acl-05773ad7d99001a72","egress":[{"action":"allow","cidr_block":"0.0.0.0/0","from_port":0,"icmp_code":0,"icmp_type":0,"ipv6_cidr_block":"","protocol":"-1","rule_no":100,"to_port":0}],"id":"acl-05773ad7d99001a72","ingress":[{"action":"allow","cidr_block":"0.0.0.0/0","from_port":80,"icmp_code":0,"icmp_type":0,"ipv6_cidr_block":"","protocol":"6","rule_no":100,"to_port":3306}],"owner_id":"111111111111","subnet_ids":["subnet-0a4f859b2253a6209"],"tags":{},"tags_all":{},"vpc_id":"vpc-0eaf2610bbc1b7688"},"depends_on":["aws_vpc.test-vpc","aws_subnet.public-subnet"]},{"address":"aws_network_acl_rule.inbound-rule","mode":"managed","type":"aws_network_acl_rule","name":"inbound-rule","provider_name":"registry.terraform.io/hashicorp/aws","schema_version":0,"values":{"cidr_block":"0.0.0.0/0","egress":false,"from_port":80,"icmp_code":null,"icmp_type":null,"id":"nacl-1756397925","ipv6_cidr_block":"","network_acl_id":"acl-05773ad7d99001a72","protocol":"tcp","rule_action":"allow","rule_number":100,"to_port":3306},"depends_on":["aws_network_acl.public-subnet-nacl","aws_subnet.public-subnet","aws_vpc.test-vpc"]},{"address":"aws_network_acl_rule.outbound-rule","mode":"managed","type":"aws_network_acl_rule","name":"outbound-rule","provider_name":"registry.terraform.io/hashicorp/aws","schema_version":0,"values":{"cidr_block":"0.0.0.0/0","egress":true,"from_port":0,"icmp_code":null,"icmp_type":null,"id":"nacl-1803636859","ipv6_cidr_block":"","network_acl_id":"acl-05773ad7d99001a72","protocol":"all","rule_action":"allow","rule_number":100,"to_port":0},"depends_on":["aws_vpc.test-vpc","aws_network_acl.public-subnet-nacl","aws_subnet.public-subnet"]},{"address":"aws_route.igw-route","mode":"managed","type":"aws_route","name":"igw-route","provider_name":"registry.terraform.io/hashicorp/aws","schema_version":0,"values":{"carrier_gateway_id":"","destination_cidr_block":"0.0.0.0/0","destination_ipv6_cidr_block":"","destination_prefix_list_id":"","egress_only_gateway_id":"","gateway_id":"igw-02a2d200359e54403","id":"r-rtb-0a383b9b41e3693071080289494","instance_id":"","instance_owner_id":"","local_gateway_id":"","nat_gateway_id":"","network_interface_id":"","origin":"CreateRoute","route_table_id":"rtb-0a383b9b41e369307","state":"active","timeouts":null,"transit_gateway_id":"","vpc_endpoint_id":"","vpc_peering_connection_id":""},"depends_on":["aws_internet_gateway.igw","aws_route_table.public-subnet-rt","aws_vpc.test-vpc"]},{"address":"aws_route_table.public-subnet-rt","mode":"managed","type":"aws_route_table","name":"public-subnet-rt","provider_name":"registry.terraform.io/hashicorp/aws","schema_version":0,"values":{"arn":"arn:aws:ec2:us-east-1:111111111111:route-table/rtb-0a383b9b41e369307","id":"rtb-0a383b9b41e369307","owner_id":"111111111111","propagating_vgws":[],"route":[{"carrier_gateway_id":"","cidr_block":"0.0.0.0/0","destination_prefix_list_id":"","egress_only_gateway_id":"","gateway_id":"igw-02a2d200359e54403","instance_id":"","ipv6_cidr_block":"","local_gateway_id":"","nat_gateway_id":"","network_interface_id":"","transit_gateway_id":"","vpc_endpoint_id":"","vpc_peering_connection_id":""}],"tags":{},"tags_all":{},"vpc_id":"vpc-0eaf2610bbc1b7688"},"depends_on":["aws_vpc.test-vpc"]},{"address":"aws_route_table_association.public-subnet-rt-assoc","mode":"managed","type":"aws_route_table_association","name":"public-subnet-rt-assoc","provider_name":"registry.terraform.io/hashicorp/aws","schema_version":0,"values":{"gateway_id":"","id":"rtbassoc-0c0f3c82062ddf1d7","route_table_id":"rtb-0a383b9b41e369307","subnet_id":"subnet-0a4f859b2253a6209"},"depends_on":["aws_route_table.public-subnet-rt","aws_subnet.public-subnet","aws_vpc.test-vpc"]},{"address":"aws_security_group.mysql-sg","mode":"managed","type":"aws_security_group","name":"mysql-sg","provider_name":"registry.terraform.io/hashicorp/aws","schema_version":1,"values":{"arn":"arn:aws:ec2:us-east-1:111111111111:security-group/sg-09eb8dc71904265ea","description":"Managed by Terraform","egress":[{"cidr_blocks":["0.0.0.0/0"],"description":"","from_port":0,"ipv6_cidr_blocks":[],"prefix_list_ids":[],"protocol":"-1","security_groups":[],"self":false,"to_port":0}],"id":"sg-09eb8dc71904265ea","ingress":[{"cidr_blocks":["0.0.0.0/0"],"description":"mysql","from_port":80,"ipv6_cidr_blocks":[],"prefix_list_ids":[],"protocol":"tcp","security_groups":[],"self":false,"to_port":3306}],"name":"sg","name_prefix":"","owner_id":"111111111111","revoke_rules_on_delete":false,"tags":{},"tags_all":{},"timeouts":null,"vpc_id":"vpc-0eaf2610bbc1b7688"},"depends_on":["aws_vpc.test-vpc"]},{"address":"aws_subnet.public-subnet","mode":"managed","type":"aws_subnet","name":"public-subnet","provider_name":"registry.terraform.io/hashicorp/aws","schema_version":1,"values":{"arn":"arn:aws:ec2:us-east-1:111111111111:subnet/subnet-0a4f859b2253a6209","assign_ipv6_address_on_creation":false,"availability_zone":"us-east-1a","availability_zone_id":"use1-az1","cidr_block":"192.168.10.0/24","customer_owned_ipv4_pool":"","id":"subnet-0a4f859b2253a6209","ipv6_cidr_block":"","ipv6_cidr_block_association_id":"","map_customer_owned_ip_on_launch":false,"map_public_ip_on_launch":false,"outpost_arn":"","owner_id":"111111111111","tags":{},"tags_all":{},"timeouts":null,"vpc_id":"vpc-0eaf2610bbc1b7688"},"depends_on":["aws_vpc.test-vpc"]},{"address":"aws_vpc.test-vpc","mode":"managed","type":"aws_vpc","name":"test-vpc","provider_name":"registry.terraform.io/hashicorp/aws","schema_version":1,"values":{"arn":"arn:aws:ec2:us-east-1:111111111111:vpc/vpc-0eaf2610bbc1b7688","assign_generated_ipv6_cidr_block":false,"cidr_block":"192.168.10.0/24","default_network_acl_id":"acl-0d554d7014159fd88","default_route_table_id":"rtb-0ed8fbad84ffce216","default_security_group_id":"sg-021468d0c62aaf435","dhcp_options_id":"dopt-3045214a","enable_classiclink":false,"enable_classiclink_dns_support":false,"enable_dns_hostnames":false,"enable_dns_support":true,"id":"vpc-0eaf2610bbc1b7688","instance_tenancy":"default","ipv6_association_id":"","ipv6_cidr_block":"","main_route_table_id":"rtb-0ed8fbad84ffce216","owner_id":"111111111111","tags":{},"tags_all":{}}},{"address":"data.aws_ecs_container_definition.container-definition","mode":"data","type":"aws_ecs_container_definition","name":"container-definition","provider_name":"registry.terraform.io/hashicorp/aws","schema_version":0,"values":{"container_name":"apache-web-server","cpu":0,"disable_networking":false,"docker_labels":{},"environment":{},"id":"arn:aws:ecs:us-east-1:111111111111:task-definition/web-server-task:76/apache-web-server","image":"167389268608.dkr.ecr.us-east-1.amazonaws.com/apache-web-server:latest","image_digest":"latest","memory":0,"memory_reservation":0,"task_definition":"web-server-task"}},{"address":"data.aws_iam_role.ecs_task_execution_role","mode":"data","type":"aws_iam_role","name":"ecs_task_execution_role","provider_name":"registry.terraform.io/hashicorp/aws","schema_version":0,"values":{"arn":"arn:aws:iam::111111111111:role/aws-service-role/ecs.amazonaws.com/AWSServiceRoleForECS","assume_role_policy":"{\"Version\":\"2012-10-17\",\"Statement\":[{\"Effect\":\"Allow\",\"Principal\":{\"Service\":\"ecs.amazonaws.com\"},\"Action\":\"sts:AssumeRole\"}]}","create_date":"2021-02-03T09:42:55Z","description":"Role to enable Amazon ECS to manage your cluster.","id":"AWSServiceRoleForECS","max_session_duration":3600,"name":"AWSServiceRoleForECS","path":"/aws-service-role/ecs.amazonaws.com/","permissions_boundary":"","tags":{},"unique_id":"AROARVZ4AQRH7RB6M6EPT"}}]}}},"configuration":{"root_module":{"resources":[{"address":"aws_cloudwatch_event_rule.web-server-schedule-every-1d-rule","mode":"managed","type":"aws_cloudwatch_event_rule","name":"web-server-schedule-every-1d-rule","provider_config_key":"aws","expressions":{"name":{"constant_value":"web-server-schedule-every-1d-rule"},"schedule_expression":{"constant_value":"rate(24 hours)"}},"schema_version":0,"raw_data":{"FileName":"main.tf","StartLine":140,"EndLine":143}},{"address":"aws_cloudwatch_event_target.web-server-et","mode":"managed","type":"aws_cloudwatch_event_target","name":"web-server-et","provider_config_key":"aws","expressions":{"arn":{"references":["aws_ecs_cluster.ecs-cluster"]},"ecs_target":[{"launch_type":{"constant_value":"FARGATE"},"network_configuration":[{"assign_public_ip":{"constant_value":true},"security_groups":{"references":["aws_security_group.mysql-sg"]},"subnets":{"references":["aws_subnet.public-subnet"]}}],"task_count":{"constant_value":1},"task_definition_arn":{"references":["aws_ecs_task_definition.web-server-task-definition"]}}],"role_arn":{"references":["data.aws_iam_role.ecs_task_execution_role"]},"rule":{"references":["aws_cloudwatch_event_rule.web-server-schedule-every-1d-rule"]},"target_id":{"constant_value":"web-server-target-id"}},"schema_version":1,"raw_data":{"FileName":"main.tf","StartLine":121,"EndLine":138}},{"address":"aws_ecs_cluster.ecs-cluster","mode":"managed","type":"aws_ecs_cluster","name":"ecs-cluster","provider_config_key":"aws","expressions":{"name":{"constant_value":"ecs-cluster"}},"schema_version":0,"raw_data":{"FileName":"main.tf","StartLine":87,"EndLine":89}},{"address":"aws_ecs_task_definition.web-server-task-definition","mode":"managed","type":"aws_ecs_task_definition","name":"web-server-task-definition","provider_config_key":"aws","expressions":{"container_definitions":{"constant_value":"  [\n    {\n      \"name\": \"apache-web-server\",\n      \"image\": \"167389268608.dkr.ecr.us-east-1.amazonaws.com/apache-web-server:latest\",\n      \"essential\": true,\n      \"portMappings\": [\n        {\n          \"containerPort\": 80,\n          \"hostPort\": 80,\n          \"protocol\": \"tcp\"\n        }\n      ]\n    }\n  ]\n"},"cpu":{"constant_value":"256"},"execution_role_arn":{"references":["data.aws_iam_role.ecs_task_execution_role"]},"family":{"constant_value":"web-server-task"},"memory":{"constant_value":"512"},"network_mode":{"constant_value":"awsvpc"},"requires_compatibilities":{"constant_value":["FARGATE"]}},"schema_version":1,"raw_data":{"FileName":"main.tf","StartLine":91,"EndLine":114}},{"address":"aws_internet_gateway.igw","mode":"managed","type":"aws_internet_gateway","name":"igw","provider_config_key":"aws","expressions":{"vpc_id":{"references":["aws_vpc.test-vpc"]}},"schema_version":0,"raw_data":{"FileName":"main.tf","StartLine":46,"EndLine":48}},{"address":"aws_network_acl.public-subnet-nacl","mode":"managed","type":"aws_network_acl","name":"public-subnet-nacl","provider_config_key":"aws","expressions":{"subnet_ids":{"references":["aws_subnet.public-subnet"]},"vpc_id":{"references":["aws_vpc.test-vpc"]}},"schema_version":0,"raw_data":{"FileName":"main.tf","StartLine":19,"EndLine":22}},{"address":"aws_network_acl_rule.inbound-rule","mode":"managed","type":"aws_network_acl_rule","name":"inbound-rule","provider_config_key":"aws","expressions":{"cidr_block":{"constant_value":"0.0.0.0/0"},"egress":{"constant_value":false},"from_port":{"references":["local.web_server_port"]},"network_acl_id":{"references":["aws_network_acl.public-subnet-nacl"]},"protocol":{"constant_value":"tcp"},"rule_action":{"constant_value":"allow"},"rule_number":{"constant_value":100},"to_port":{"references":["local.mysql_port"]}},"schema_version":0,"raw_data":{"FileName":"main.tf","StartLine":24,"EndLine":33}},{"address":"aws_network_acl_rule.outbound-rule","mode":"managed","type":"aws_network_acl_rule","name":"outbound-rule","provider_config_key":"aws","expressions":{"cidr_block":{"constant_value":"0.0.0.0/0"},"egress":{"constant_value":true},"from_port":{"constant_value":0},"network_acl_id":{"references":["aws_network_acl.public-subnet-nacl"]},"protocol":{"constant_value":-1},"rule_action":{"constant_value":"allow"},"rule_number":{"constant_value":100},"to_port":{"constant_value":0}},"schema_version":0,"raw_data":{"FileName":"main.tf","StartLine":35,"EndLine":44}},{"address":"aws_route.igw-route","mode":"managed","type":"aws_route","name":"igw-route","provider_config_key":"aws","expressions":{"destination_cidr_block":{"constant_value":"0.0.0.0/0"},"gateway_id":{"references":["aws_internet_gateway.igw"]},"route_table_id":{"references":["aws_route_table.public-subnet-rt"]}},"schema_version":0,"raw_data":{"FileName":"main.tf","StartLine":54,"EndLine":58}},{"address":"aws_route_table.public-subnet-rt","mode":"managed","type":"aws_route_table","name":"public-subnet-rt","provider_config_key":"aws","expressions":{"vpc_id":{"references":["aws_vpc.test-vpc"]}},"schema_version":0,"raw_data":{"FileName":"main.tf","StartLine":50,"EndLine":52}},{"address":"aws_route_table_association.public-subnet-rt-assoc","mode":"managed","type":"aws_route_table_association","name":"public-subnet-rt-assoc","provider_config_key":"aws","expressions":{"route_table_id":{"references":["aws_route_table.public-subnet-rt"]},"subnet_id":{"references":["aws_subnet.public-subnet"]}},"schema_version":0,"raw_data":{"FileName":"main.tf","StartLine":60,"EndLine":63}},{"address":"aws_security_group.mysql-sg","mode":"managed","type":"aws_security_group","name":"mysql-sg","provider_config_key":"aws","expressions":{"name":{"constant_value":"sg"},"vpc_id":{"references":["aws_vpc.test-vpc"]}},"schema_version":1,"raw_data":{"FileName":"main.tf","StartLine":66,"EndLine":85}},{"address":"aws_subnet.public-subnet","mode":"managed","type":"aws_subnet","name":"public-subnet","provider_config_key":"aws","expressions":{"availability_zone":{"constant_value":"us-east-1a"},"cidr_block":{"constant_value":"192.168.10.0/24"},"vpc_id":{"references":["aws_vpc.test-vpc"]}},"schema_version":1,"raw_data":{"FileName":"main.tf","StartLine":13,"EndLine":17}},{"address":"aws_vpc.test-vpc","mode":"managed","type":"aws_vpc","name":"test-vpc","provider_config_key":"aws","expressions":{"cidr_block":{"constant_value":"192.168.10.0/24"}},"schema_version":1,"raw_data":{"FileName":"main.tf","StartLine":9,"EndLine":11}},{"address":"data.aws_ecs_container_definition.container-definition","mode":"data","type":"aws_ecs_container_definition","name":"container-definition","provider_config_key":"aws","expressions":{"container_name":{"constant_value":"apache-web-server"},"task_definition":{"references":["aws_ecs_task_definition.web-server-task-definition"]}},"schema_version":0,"raw_data":{"FileName":"main.tf","StartLine":116,"EndLine":119}},{"address":"data.aws_iam_role.ecs_task_execution_role","mode":"data","type":"aws_iam_role","name":"ecs_task_execution_role","provider_config_key":"aws","expressions":{"name":{"constant_value":"AWSServiceRoleForECS"}},"schema_version":0,"raw_data":{"FileName":"main.tf","StartLine":145,"EndLine":147}}]}}}
