{"format_version":"0.1","terraform_version":"0.13.4","planned_values":{"root_module":{"resources":[{"address":"aws_db_instance.test","mode":"managed","type":"aws_db_instance","name":"test","provider_name":"registry.terraform.io/hashicorp/aws","schema_version":1,"values":{"allocated_storage":10,"allow_major_version_upgrade":null,"auto_minor_version_upgrade":true,"copy_tags_to_snapshot":false,"delete_automated_backups":true,"deletion_protection":null,"domain":null,"domain_iam_role_name":null,"enabled_cloudwatch_logs_exports":["audit"],"engine":"mysql","engine_version":"5.7","final_snapshot_identifier":null,"iam_database_authentication_enabled":null,"instance_class":"db.t3.micro","iops":null,"max_allocated_storage":null,"monitoring_interval":0,"name":"mydb","parameter_group_name":"default.mysql5.7","password":"foobarbaz","performance_insights_enabled":false,"publicly_accessible":false,"replicate_source_db":null,"restore_to_point_in_time":[],"s3_import":[],"security_group_names":null,"skip_final_snapshot":true,"storage_encrypted":null,"tags":null,"timeouts":null,"username":"foo"}},{"address":"aws_rds_cluster.default","mode":"managed","type":"aws_rds_cluster","name":"default","provider_name":"registry.terraform.io/hashicorp/aws","schema_version":0,"values":{"allow_major_version_upgrade":null,"availability_zones":["us-east-1a"],"backtrack_window":null,"backup_retention_period":1,"cluster_identifier":"cloudrail-test-auth","copy_tags_to_snapshot":false,"database_name":"cloudrail","deletion_protection":null,"enable_http_endpoint":false,"enabled_cloudwatch_logs_exports":["audit"],"engine":"aurora-mysql","engine_mode":"provisioned","engine_version":"5.7.mysql_aurora.2.03.2","final_snapshot_identifier":null,"global_cluster_identifier":null,"iam_database_authentication_enabled":null,"iam_roles":null,"master_password":"cloudrail-TEST-password","master_username":"administrator","replication_source_identifier":null,"restore_to_point_in_time":[],"s3_import":[],"scaling_configuration":[],"skip_final_snapshot":true,"snapshot_identifier":null,"source_region":null,"tags":null,"timeouts":null}}]}},"resource_changes":[{"address":"aws_db_instance.test","mode":"managed","type":"aws_db_instance","name":"test","provider_name":"registry.terraform.io/hashicorp/aws","change":{"actions":["create"],"before":null,"after":{"allocated_storage":10,"allow_major_version_upgrade":null,"auto_minor_version_upgrade":true,"copy_tags_to_snapshot":false,"delete_automated_backups":true,"deletion_protection":null,"domain":null,"domain_iam_role_name":null,"enabled_cloudwatch_logs_exports":["audit"],"engine":"mysql","engine_version":"5.7","final_snapshot_identifier":null,"iam_database_authentication_enabled":null,"instance_class":"db.t3.micro","iops":null,"max_allocated_storage":null,"monitoring_interval":0,"name":"mydb","parameter_group_name":"default.mysql5.7","password":"foobarbaz","performance_insights_enabled":false,"publicly_accessible":false,"replicate_source_db":null,"restore_to_point_in_time":[],"s3_import":[],"security_group_names":null,"skip_final_snapshot":true,"storage_encrypted":null,"tags":null,"timeouts":null,"username":"foo"},"after_unknown":{"address":true,"apply_immediately":true,"arn":true,"availability_zone":true,"backup_retention_period":true,"backup_window":true,"ca_cert_identifier":true,"character_set_name":true,"db_subnet_group_name":true,"enabled_cloudwatch_logs_exports":[false],"endpoint":true,"hosted_zone_id":true,"id":true,"identifier":true,"identifier_prefix":true,"kms_key_id":true,"latest_restorable_time":true,"license_model":true,"maintenance_window":true,"monitoring_role_arn":true,"multi_az":true,"option_group_name":true,"performance_insights_kms_key_id":true,"performance_insights_retention_period":true,"port":true,"replicas":true,"resource_id":true,"restore_to_point_in_time":[],"s3_import":[],"snapshot_identifier":true,"status":true,"storage_type":true,"tags_all":true,"timezone":true,"vpc_security_group_ids":true}}},{"address":"aws_rds_cluster.default","mode":"managed","type":"aws_rds_cluster","name":"default","provider_name":"registry.terraform.io/hashicorp/aws","change":{"actions":["create"],"before":null,"after":{"allow_major_version_upgrade":null,"availability_zones":["us-east-1a"],"backtrack_window":null,"backup_retention_period":1,"cluster_identifier":"cloudrail-test-auth","copy_tags_to_snapshot":false,"database_name":"cloudrail","deletion_protection":null,"enable_http_endpoint":false,"enabled_cloudwatch_logs_exports":["audit"],"engine":"aurora-mysql","engine_mode":"provisioned","engine_version":"5.7.mysql_aurora.2.03.2","final_snapshot_identifier":null,"global_cluster_identifier":null,"iam_database_authentication_enabled":null,"iam_roles":null,"master_password":"cloudrail-TEST-password","master_username":"administrator","replication_source_identifier":null,"restore_to_point_in_time":[],"s3_import":[],"scaling_configuration":[],"skip_final_snapshot":true,"snapshot_identifier":null,"source_region":null,"tags":null,"timeouts":null},"after_unknown":{"apply_immediately":true,"arn":true,"availability_zones":[false],"cluster_identifier_prefix":true,"cluster_members":true,"cluster_resource_id":true,"db_cluster_parameter_group_name":true,"db_subnet_group_name":true,"enabled_cloudwatch_logs_exports":[false],"endpoint":true,"hosted_zone_id":true,"id":true,"kms_key_id":true,"port":true,"preferred_backup_window":true,"preferred_maintenance_window":true,"reader_endpoint":true,"restore_to_point_in_time":[],"s3_import":[],"scaling_configuration":[],"storage_encrypted":true,"tags_all":true,"vpc_security_group_ids":true}}}],"prior_state":{"format_version":"0.1","terraform_version":"0.13.4","values":{"root_module":{"resources":[{"address":"data.aws_availability_zones.available","mode":"data","type":"aws_availability_zones","name":"available","provider_name":"registry.terraform.io/hashicorp/aws","schema_version":0,"values":{"all_availability_zones":null,"exclude_names":null,"exclude_zone_ids":null,"filter":null,"group_names":["us-east-1"],"id":"us-east-1","names":["us-east-1a","us-east-1b","us-east-1c","us-east-1d","us-east-1e","us-east-1f"],"state":"available","zone_ids":["use1-az1","use1-az2","use1-az4","use1-az6","use1-az3","use1-az5"]}}]}}},"configuration":{"provider_config":{"aws":{"name":"aws","expressions":{"region":{"constant_value":"us-east-1"}}}},"root_module":{"resources":[{"address":"aws_db_instance.test","mode":"managed","type":"aws_db_instance","name":"test","provider_config_key":"aws","expressions":{"allocated_storage":{"constant_value":10},"enabled_cloudwatch_logs_exports":{"constant_value":["audit"]},"engine":{"constant_value":"mysql"},"engine_version":{"constant_value":"5.7"},"instance_class":{"constant_value":"db.t3.micro"},"name":{"constant_value":"mydb"},"parameter_group_name":{"constant_value":"default.mysql5.7"},"password":{"constant_value":"foobarbaz"},"skip_final_snapshot":{"constant_value":true},"username":{"constant_value":"foo"}},"schema_version":1,"raw_data":{"FileName":"main.tf","StartLine":6,"EndLine":17}},{"address":"aws_rds_cluster.default","mode":"managed","type":"aws_rds_cluster","name":"default","provider_config_key":"aws","expressions":{"availability_zones":{"references":["data.aws_availability_zones.available"]},"cluster_identifier":{"constant_value":"cloudrail-test-auth"},"database_name":{"constant_value":"cloudrail"},"enabled_cloudwatch_logs_exports":{"constant_value":["audit"]},"engine":{"constant_value":"aurora-mysql"},"engine_version":{"constant_value":"5.7.mysql_aurora.2.03.2"},"master_password":{"constant_value":"cloudrail-TEST-password"},"master_username":{"constant_value":"administrator"},"skip_final_snapshot":{"constant_value":true}},"schema_version":0,"raw_data":{"FileName":"main.tf","StartLine":19,"EndLine":29}},{"address":"data.aws_availability_zones.available","mode":"data","type":"aws_availability_zones","name":"available","provider_config_key":"aws","expressions":{"state":{"constant_value":"available"}},"schema_version":0,"raw_data":{"FileName":"main.tf","StartLine":2,"EndLine":4}}]}}}
