{"format_version":"0.1","terraform_version":"0.14.6","planned_values":{"root_module":{"resources":[{"address":"google_container_cluster.cluster","mode":"managed","type":"google_container_cluster","name":"cluster","provider_name":"registry.terraform.io/hashicorp/google","schema_version":1,"values":{"addons_config":[{"cloudrun_config":[],"horizontal_pod_autoscaling":[],"http_load_balancing":[],"network_policy_config":[{"disabled":true}]}],"authenticator_groups_config":[],"cluster_autoscaling":[{"auto_provisioning_defaults":[],"enabled":false,"resource_limits":[]}],"cluster_ipv4_cidr":"10.2.0.0/20","confidential_nodes":[],"database_encryption":[{"key_name":"","state":"DECRYPTED"}],"datapath_provider":"","default_max_pods_per_node":110,"default_snat_status":[{"disabled":false}],"description":"","enable_autopilot":false,"enable_binary_authorization":false,"enable_intranode_visibility":false,"enable_kubernetes_alpha":false,"enable_legacy_abac":false,"enable_shielded_nodes":false,"enable_tpu":false,"endpoint":"35.224.242.197","id":"projects/dev-for-tests/locations/us-central1-a/clusters/kuber-2","initial_node_count":2,"ip_allocation_policy":[{"cluster_ipv4_cidr_block":"10.2.0.0/20","cluster_secondary_range_name":"gke-kuber-2-pods-2b5fc48b","services_ipv4_cidr_block":"10.89.32.0/20","services_secondary_range_name":"gke-kuber-2-services-2b5fc48b"}],"label_fingerprint":"a9dc16a7","location":"us-central1-a","logging_config":[{"enable_components":["SYSTEM_COMPONENTS","WORKLOADS"]}],"logging_service":"logging.googleapis.com/kubernetes","maintenance_policy":[],"master_auth":[{"client_certificate":"","client_certificate_config":[{"issue_client_certificate":false}],"client_key":"","cluster_ca_certificate":"LS0tLS1CRUdJTiBDRVJUSUZJQ0FURS0tLS0tCk1JSUVMRENDQXBTZ0F3SUJBZ0lRRmR2TVZWUXVTajRhMDBMZnJFV2dGakFOQmdrcWhraUc5dzBCQVFzRkFEQXYKTVMwd0t3WURWUVFERXlRek5EUXlOV0V5TmkwNE16UXpMVFJoWkdVdE9ERTJaUzAwWldGbVl6azVPREprTVRNdwpJQmNOTWpFeE1URTNNVEF3TURNMFdoZ1BNakExTVRFeE1UQXhNVEF3TXpSYU1DOHhMVEFyQmdOVkJBTVRKRE0wCk5ESTFZVEkyTFRnek5ETXROR0ZrWlMwNE1UWmxMVFJsWVdaak9UazRNbVF4TXpDQ0FhSXdEUVlKS29aSWh2Y04KQVFFQkJRQURnZ0dQQURDQ0FZb0NnZ0dCQU4ydTFlcFh1dTdPcXZkZkF6L3V4WVJPT1ZickozTXJkZVNSbzlMSQpoc1NQQnR5RndWak5YeE16cWV0NldhV04xYkdlOVZhUDBNc01jQ0FHbS9xelFNbEpndEljckF0d1JEZnN3TkhUClNPMWhkNW9nMFFLb1NJbzdHcDIrdWZkRXFqWEFUZHlFMVM2SjlkSGF6TEZrYTZ6bm95eEREOTZ4QVJVNHdibDMKbHd4OTNDKzU2YWxialJ2N1VGSzQ3bERROW80M0J3UFZsRnVjakUyWjVPcm1Eb1J3T1V3b003dEdXZGlMMmVySAp5anlLSGJqeGVrSW1rTmJ6ZHFSOUVGTXdGb1paZjg1anZlQXVuaWd3NGhKeTVQcjZ1bkF0ZzNvbGFIRmdhSVJTClp0QjRjc3JQN3pMMDFMZlRFN0YzcDB4TFJSRlBhdmw2d0llN1dYcDVkaThacjZycWRvclJFNzNGQldZYVhoVi8KUWxhbVhpWW9lby9PSXVrcy82cFJkNFRhdGI3YnMrMTNDaE15dytRZWlXOUZZZDdCWGcwQVpHTElVNzNlVi82SQpML0Y1dFhkbVVwc0JMZFF1Q05vbnNoU0FUQ1FuT1NCcjZSR0RFUVFGTElKVFovYWgvUkRHbW1TK1lMVVlaaW10CkV5K1hUTXVKdXhOM2RuTTVjZmUzdHA0ZjNRSURBUUFCbzBJd1FEQU9CZ05WSFE4QkFmOEVCQU1DQWdRd0R3WUQKVlIwVEFRSC9CQVV3QXdFQi96QWRCZ05WSFE0RUZnUVVxK09jWlF4QkM3TnRuM1o4alN5bDVXSFExaGd3RFFZSgpLb1pJaHZjTkFRRUxCUUFEZ2dHQkFDNXBqYjFQeWkwbGJVaW5jb3Z4N3BkcVJldHdBNlZEMktBT3ljRXJicGJRCkdQR2g5NlZFcXh1N1Q4Yk43Z1FRQnVkWjQ4NVhsTEo3S1Bxay93SDk3blZlM0Exd1Nybmg2Q0twYmYrZ0FnQlQKQXNKTHJjQ3JvVW5GL0VVZVZSa3QzWGh2cWdlMUpPVy9mUzZzV0xsL2VmWG9md1dPUUdTU2haeFBSSmR3MENrMgp5anIzdHN3TEVBWWwyUmtDeXFuUUQyUmhHMFZ1UnpTUFEwODNVZHlUaHk2N2h0TDRzOVV2LzJwR1FyVlNKOUFZCmxlQW5temcxMHFDcC9vODhvWGs5TXBFREIyN3ppSmQ5cEFpWEdrdjRIL2VxWUtSNzFNaGwvcHp4bFJOT253bUwKYllINnZvM3AzN2RWK0J3cmQ2bjl2M1JPczFqalQyeGg1S25zeXdBT3BCU3p2N1V1bEc3QjRIMHg0cG9sSTYySQo5U2w5eUZzWkZ1Q2IxTHZycytJUE1WZWczQ2d0VXdLbzc1bHJuaFpwR3N6c2xLd1lKaUlMZFNqeERodExGTWRLCmoxRjJYN1VDcU9KaldmY3hjNnNrVDlsZVBqMXBLbEZ4MlJBUmJ1RnpQQTIrNmZqanA0aTk5N1VEU2FwaGFxMTQKdGNoWDBQUUR5NEJmY2ptNUU5TS92Zz09Ci0tLS0tRU5EIENFUlRJRklDQVRFLS0tLS0K"}],"master_authorized_networks_config":[],"master_version":"1.20.10-gke.1600","min_master_version":null,"monitoring_config":[{"enable_components":["SYSTEM_COMPONENTS"]}],"monitoring_service":"monitoring.googleapis.com/kubernetes","name":"kuber-2","network":"projects/dev-for-tests/global/networks/default","network_policy":[{"enabled":false,"provider":"PROVIDER_UNSPECIFIED"}],"networking_mode":"VPC_NATIVE","node_config":[{"disk_size_gb":30,"disk_type":"pd-standard","gcfs_config":[],"guest_accelerator":[],"image_type":"COS_CONTAINERD","labels":{},"local_ssd_count":0,"machine_type":"e2-medium","metadata":{"disable-legacy-endpoints":"true"},"min_cpu_platform":"","oauth_scopes":["https://www.googleapis.com/auth/logging.write","https://www.googleapis.com/auth/monitoring"],"preemptible":true,"service_account":"default","shielded_instance_config":[{"enable_integrity_monitoring":true,"enable_secure_boot":false}],"tags":[],"taint":[],"workload_metadata_config":[]}],"node_locations":[],"node_pool":[{"autoscaling":[],"initial_node_count":2,"instance_group_urls":["https://www.googleapis.com/compute/v1/projects/dev-for-tests/zones/us-central1-a/instanceGroupManagers/gke-kuber-2-node-cluster-2-58e10443-grp"],"managed_instance_group_urls":["https://www.googleapis.com/compute/v1/projects/dev-for-tests/zones/us-central1-a/instanceGroups/gke-kuber-2-node-cluster-2-58e10443-grp"],"management":[{"auto_repair":true,"auto_upgrade":true}],"max_pods_per_node":110,"name":"node-cluster-2","name_prefix":"","node_config":[{"disk_size_gb":30,"disk_type":"pd-standard","gcfs_config":[],"guest_accelerator":[],"image_type":"COS_CONTAINERD","labels":{},"local_ssd_count":0,"machine_type":"e2-medium","metadata":{"disable-legacy-endpoints":"true"},"min_cpu_platform":"","oauth_scopes":["https://www.googleapis.com/auth/logging.write","https://www.googleapis.com/auth/monitoring"],"preemptible":true,"service_account":"default","shielded_instance_config":[{"enable_integrity_monitoring":true,"enable_secure_boot":false}],"tags":[],"taint":[],"workload_metadata_config":[]}],"node_count":2,"node_locations":["us-central1-a"],"upgrade_settings":[{"max_surge":1,"max_unavailable":0}],"version":"1.20.10-gke.1600"}],"node_version":"1.20.10-gke.1600","operation":null,"private_cluster_config":[],"private_ipv6_google_access":"","project":"dev-for-tests","release_channel":[{"channel":"REGULAR"}],"remove_default_node_pool":true,"resource_labels":{},"resource_usage_export_config":[],"self_link":"https://container.googleapis.com/v1/projects/dev-for-tests/zones/us-central1-a/clusters/kuber-2","services_ipv4_cidr":"10.89.32.0/20","subnetwork":"projects/dev-for-tests/regions/us-central1/subnetworks/default","timeouts":null,"tpu_ipv4_cidr_block":"","vertical_pod_autoscaling":[],"workload_identity_config":[]}},{"address":"google_container_node_pool.add_cluster","mode":"managed","type":"google_container_node_pool","name":"add_cluster","provider_name":"registry.terraform.io/hashicorp/google","schema_version":1,"values":{"autoscaling":[],"cluster":"projects/dev-for-tests/locations/us-central1-a/clusters/kuber-2","location":"us-central1","name":"node-cluster-2","node_config":[{"disk_size_gb":30,"gcfs_config":[],"machine_type":"e2-medium","min_cpu_platform":null,"preemptible":true,"tags":null}],"node_count":2,"timeouts":null}}]}},"resource_changes":[{"address":"google_container_cluster.cluster","mode":"managed","type":"google_container_cluster","name":"cluster","provider_name":"registry.terraform.io/hashicorp/google","change":{"actions":["no-op"],"before":{"addons_config":[{"cloudrun_config":[],"horizontal_pod_autoscaling":[],"http_load_balancing":[],"network_policy_config":[{"disabled":true}]}],"authenticator_groups_config":[],"cluster_autoscaling":[{"auto_provisioning_defaults":[],"enabled":false,"resource_limits":[]}],"cluster_ipv4_cidr":"10.2.0.0/20","confidential_nodes":[],"database_encryption":[{"key_name":"","state":"DECRYPTED"}],"datapath_provider":"","default_max_pods_per_node":110,"default_snat_status":[{"disabled":false}],"description":"","enable_autopilot":false,"enable_binary_authorization":false,"enable_intranode_visibility":false,"enable_kubernetes_alpha":false,"enable_legacy_abac":false,"enable_shielded_nodes":false,"enable_tpu":false,"endpoint":"35.224.242.197","id":"projects/dev-for-tests/locations/us-central1-a/clusters/kuber-2","initial_node_count":2,"ip_allocation_policy":[{"cluster_ipv4_cidr_block":"10.2.0.0/20","cluster_secondary_range_name":"gke-kuber-2-pods-2b5fc48b","services_ipv4_cidr_block":"10.89.32.0/20","services_secondary_range_name":"gke-kuber-2-services-2b5fc48b"}],"label_fingerprint":"a9dc16a7","location":"us-central1-a","logging_config":[{"enable_components":["SYSTEM_COMPONENTS","WORKLOADS"]}],"logging_service":"logging.googleapis.com/kubernetes","maintenance_policy":[],"master_auth":[{"client_certificate":"","client_certificate_config":[{"issue_client_certificate":false}],"client_key":"","cluster_ca_certificate":"LS0tLS1CRUdJTiBDRVJUSUZJQ0FURS0tLS0tCk1JSUVMRENDQXBTZ0F3SUJBZ0lRRmR2TVZWUXVTajRhMDBMZnJFV2dGakFOQmdrcWhraUc5dzBCQVFzRkFEQXYKTVMwd0t3WURWUVFERXlRek5EUXlOV0V5TmkwNE16UXpMVFJoWkdVdE9ERTJaUzAwWldGbVl6azVPREprTVRNdwpJQmNOTWpFeE1URTNNVEF3TURNMFdoZ1BNakExTVRFeE1UQXhNVEF3TXpSYU1DOHhMVEFyQmdOVkJBTVRKRE0wCk5ESTFZVEkyTFRnek5ETXROR0ZrWlMwNE1UWmxMVFJsWVdaak9UazRNbVF4TXpDQ0FhSXdEUVlKS29aSWh2Y04KQVFFQkJRQURnZ0dQQURDQ0FZb0NnZ0dCQU4ydTFlcFh1dTdPcXZkZkF6L3V4WVJPT1ZickozTXJkZVNSbzlMSQpoc1NQQnR5RndWak5YeE16cWV0NldhV04xYkdlOVZhUDBNc01jQ0FHbS9xelFNbEpndEljckF0d1JEZnN3TkhUClNPMWhkNW9nMFFLb1NJbzdHcDIrdWZkRXFqWEFUZHlFMVM2SjlkSGF6TEZrYTZ6bm95eEREOTZ4QVJVNHdibDMKbHd4OTNDKzU2YWxialJ2N1VGSzQ3bERROW80M0J3UFZsRnVjakUyWjVPcm1Eb1J3T1V3b003dEdXZGlMMmVySAp5anlLSGJqeGVrSW1rTmJ6ZHFSOUVGTXdGb1paZjg1anZlQXVuaWd3NGhKeTVQcjZ1bkF0ZzNvbGFIRmdhSVJTClp0QjRjc3JQN3pMMDFMZlRFN0YzcDB4TFJSRlBhdmw2d0llN1dYcDVkaThacjZycWRvclJFNzNGQldZYVhoVi8KUWxhbVhpWW9lby9PSXVrcy82cFJkNFRhdGI3YnMrMTNDaE15dytRZWlXOUZZZDdCWGcwQVpHTElVNzNlVi82SQpML0Y1dFhkbVVwc0JMZFF1Q05vbnNoU0FUQ1FuT1NCcjZSR0RFUVFGTElKVFovYWgvUkRHbW1TK1lMVVlaaW10CkV5K1hUTXVKdXhOM2RuTTVjZmUzdHA0ZjNRSURBUUFCbzBJd1FEQU9CZ05WSFE4QkFmOEVCQU1DQWdRd0R3WUQKVlIwVEFRSC9CQVV3QXdFQi96QWRCZ05WSFE0RUZnUVVxK09jWlF4QkM3TnRuM1o4alN5bDVXSFExaGd3RFFZSgpLb1pJaHZjTkFRRUxCUUFEZ2dHQkFDNXBqYjFQeWkwbGJVaW5jb3Z4N3BkcVJldHdBNlZEMktBT3ljRXJicGJRCkdQR2g5NlZFcXh1N1Q4Yk43Z1FRQnVkWjQ4NVhsTEo3S1Bxay93SDk3blZlM0Exd1Nybmg2Q0twYmYrZ0FnQlQKQXNKTHJjQ3JvVW5GL0VVZVZSa3QzWGh2cWdlMUpPVy9mUzZzV0xsL2VmWG9md1dPUUdTU2haeFBSSmR3MENrMgp5anIzdHN3TEVBWWwyUmtDeXFuUUQyUmhHMFZ1UnpTUFEwODNVZHlUaHk2N2h0TDRzOVV2LzJwR1FyVlNKOUFZCmxlQW5temcxMHFDcC9vODhvWGs5TXBFREIyN3ppSmQ5cEFpWEdrdjRIL2VxWUtSNzFNaGwvcHp4bFJOT253bUwKYllINnZvM3AzN2RWK0J3cmQ2bjl2M1JPczFqalQyeGg1S25zeXdBT3BCU3p2N1V1bEc3QjRIMHg0cG9sSTYySQo5U2w5eUZzWkZ1Q2IxTHZycytJUE1WZWczQ2d0VXdLbzc1bHJuaFpwR3N6c2xLd1lKaUlMZFNqeERodExGTWRLCmoxRjJYN1VDcU9KaldmY3hjNnNrVDlsZVBqMXBLbEZ4MlJBUmJ1RnpQQTIrNmZqanA0aTk5N1VEU2FwaGFxMTQKdGNoWDBQUUR5NEJmY2ptNUU5TS92Zz09Ci0tLS0tRU5EIENFUlRJRklDQVRFLS0tLS0K"}],"master_authorized_networks_config":[],"master_version":"1.20.10-gke.1600","min_master_version":null,"monitoring_config":[{"enable_components":["SYSTEM_COMPONENTS"]}],"monitoring_service":"monitoring.googleapis.com/kubernetes","name":"kuber-2","network":"projects/dev-for-tests/global/networks/default","network_policy":[{"enabled":false,"provider":"PROVIDER_UNSPECIFIED"}],"networking_mode":"VPC_NATIVE","node_config":[{"disk_size_gb":30,"disk_type":"pd-standard","gcfs_config":[],"guest_accelerator":[],"image_type":"COS_CONTAINERD","labels":{},"local_ssd_count":0,"machine_type":"e2-medium","metadata":{"disable-legacy-endpoints":"true"},"min_cpu_platform":"","oauth_scopes":["https://www.googleapis.com/auth/logging.write","https://www.googleapis.com/auth/monitoring"],"preemptible":true,"service_account":"default","shielded_instance_config":[{"enable_integrity_monitoring":true,"enable_secure_boot":false}],"tags":[],"taint":[],"workload_metadata_config":[]}],"node_locations":[],"node_pool":[{"autoscaling":[],"initial_node_count":2,"instance_group_urls":["https://www.googleapis.com/compute/v1/projects/dev-for-tests/zones/us-central1-a/instanceGroupManagers/gke-kuber-2-node-cluster-2-58e10443-grp"],"managed_instance_group_urls":["https://www.googleapis.com/compute/v1/projects/dev-for-tests/zones/us-central1-a/instanceGroups/gke-kuber-2-node-cluster-2-58e10443-grp"],"management":[{"auto_repair":true,"auto_upgrade":true}],"max_pods_per_node":110,"name":"node-cluster-2","name_prefix":"","node_config":[{"disk_size_gb":30,"disk_type":"pd-standard","gcfs_config":[],"guest_accelerator":[],"image_type":"COS_CONTAINERD","labels":{},"local_ssd_count":0,"machine_type":"e2-medium","metadata":{"disable-legacy-endpoints":"true"},"min_cpu_platform":"","oauth_scopes":["https://www.googleapis.com/auth/logging.write","https://www.googleapis.com/auth/monitoring"],"preemptible":true,"service_account":"default","shielded_instance_config":[{"enable_integrity_monitoring":true,"enable_secure_boot":false}],"tags":[],"taint":[],"workload_metadata_config":[]}],"node_count":2,"node_locations":["us-central1-a"],"upgrade_settings":[{"max_surge":1,"max_unavailable":0}],"version":"1.20.10-gke.1600"}],"node_version":"1.20.10-gke.1600","operation":null,"private_cluster_config":[],"private_ipv6_google_access":"","project":"dev-for-tests","release_channel":[{"channel":"REGULAR"}],"remove_default_node_pool":true,"resource_labels":{},"resource_usage_export_config":[],"self_link":"https://container.googleapis.com/v1/projects/dev-for-tests/zones/us-central1-a/clusters/kuber-2","services_ipv4_cidr":"10.89.32.0/20","subnetwork":"projects/dev-for-tests/regions/us-central1/subnetworks/default","timeouts":null,"tpu_ipv4_cidr_block":"","vertical_pod_autoscaling":[],"workload_identity_config":[]},"after":{"addons_config":[{"cloudrun_config":[],"horizontal_pod_autoscaling":[],"http_load_balancing":[],"network_policy_config":[{"disabled":true}]}],"authenticator_groups_config":[],"cluster_autoscaling":[{"auto_provisioning_defaults":[],"enabled":false,"resource_limits":[]}],"cluster_ipv4_cidr":"10.2.0.0/20","confidential_nodes":[],"database_encryption":[{"key_name":"","state":"DECRYPTED"}],"datapath_provider":"","default_max_pods_per_node":110,"default_snat_status":[{"disabled":false}],"description":"","enable_autopilot":false,"enable_binary_authorization":false,"enable_intranode_visibility":false,"enable_kubernetes_alpha":false,"enable_legacy_abac":false,"enable_shielded_nodes":false,"enable_tpu":false,"endpoint":"35.224.242.197","id":"projects/dev-for-tests/locations/us-central1-a/clusters/kuber-2","initial_node_count":2,"ip_allocation_policy":[{"cluster_ipv4_cidr_block":"10.2.0.0/20","cluster_secondary_range_name":"gke-kuber-2-pods-2b5fc48b","services_ipv4_cidr_block":"10.89.32.0/20","services_secondary_range_name":"gke-kuber-2-services-2b5fc48b"}],"label_fingerprint":"a9dc16a7","location":"us-central1-a","logging_config":[{"enable_components":["SYSTEM_COMPONENTS","WORKLOADS"]}],"logging_service":"logging.googleapis.com/kubernetes","maintenance_policy":[],"master_auth":[{"client_certificate":"","client_certificate_config":[{"issue_client_certificate":false}],"client_key":"","cluster_ca_certificate":"LS0tLS1CRUdJTiBDRVJUSUZJQ0FURS0tLS0tCk1JSUVMRENDQXBTZ0F3SUJBZ0lRRmR2TVZWUXVTajRhMDBMZnJFV2dGakFOQmdrcWhraUc5dzBCQVFzRkFEQXYKTVMwd0t3WURWUVFERXlRek5EUXlOV0V5TmkwNE16UXpMVFJoWkdVdE9ERTJaUzAwWldGbVl6azVPREprTVRNdwpJQmNOTWpFeE1URTNNVEF3TURNMFdoZ1BNakExTVRFeE1UQXhNVEF3TXpSYU1DOHhMVEFyQmdOVkJBTVRKRE0wCk5ESTFZVEkyTFRnek5ETXROR0ZrWlMwNE1UWmxMVFJsWVdaak9UazRNbVF4TXpDQ0FhSXdEUVlKS29aSWh2Y04KQVFFQkJRQURnZ0dQQURDQ0FZb0NnZ0dCQU4ydTFlcFh1dTdPcXZkZkF6L3V4WVJPT1ZickozTXJkZVNSbzlMSQpoc1NQQnR5RndWak5YeE16cWV0NldhV04xYkdlOVZhUDBNc01jQ0FHbS9xelFNbEpndEljckF0d1JEZnN3TkhUClNPMWhkNW9nMFFLb1NJbzdHcDIrdWZkRXFqWEFUZHlFMVM2SjlkSGF6TEZrYTZ6bm95eEREOTZ4QVJVNHdibDMKbHd4OTNDKzU2YWxialJ2N1VGSzQ3bERROW80M0J3UFZsRnVjakUyWjVPcm1Eb1J3T1V3b003dEdXZGlMMmVySAp5anlLSGJqeGVrSW1rTmJ6ZHFSOUVGTXdGb1paZjg1anZlQXVuaWd3NGhKeTVQcjZ1bkF0ZzNvbGFIRmdhSVJTClp0QjRjc3JQN3pMMDFMZlRFN0YzcDB4TFJSRlBhdmw2d0llN1dYcDVkaThacjZycWRvclJFNzNGQldZYVhoVi8KUWxhbVhpWW9lby9PSXVrcy82cFJkNFRhdGI3YnMrMTNDaE15dytRZWlXOUZZZDdCWGcwQVpHTElVNzNlVi82SQpML0Y1dFhkbVVwc0JMZFF1Q05vbnNoU0FUQ1FuT1NCcjZSR0RFUVFGTElKVFovYWgvUkRHbW1TK1lMVVlaaW10CkV5K1hUTXVKdXhOM2RuTTVjZmUzdHA0ZjNRSURBUUFCbzBJd1FEQU9CZ05WSFE4QkFmOEVCQU1DQWdRd0R3WUQKVlIwVEFRSC9CQVV3QXdFQi96QWRCZ05WSFE0RUZnUVVxK09jWlF4QkM3TnRuM1o4alN5bDVXSFExaGd3RFFZSgpLb1pJaHZjTkFRRUxCUUFEZ2dHQkFDNXBqYjFQeWkwbGJVaW5jb3Z4N3BkcVJldHdBNlZEMktBT3ljRXJicGJRCkdQR2g5NlZFcXh1N1Q4Yk43Z1FRQnVkWjQ4NVhsTEo3S1Bxay93SDk3blZlM0Exd1Nybmg2Q0twYmYrZ0FnQlQKQXNKTHJjQ3JvVW5GL0VVZVZSa3QzWGh2cWdlMUpPVy9mUzZzV0xsL2VmWG9md1dPUUdTU2haeFBSSmR3MENrMgp5anIzdHN3TEVBWWwyUmtDeXFuUUQyUmhHMFZ1UnpTUFEwODNVZHlUaHk2N2h0TDRzOVV2LzJwR1FyVlNKOUFZCmxlQW5temcxMHFDcC9vODhvWGs5TXBFREIyN3ppSmQ5cEFpWEdrdjRIL2VxWUtSNzFNaGwvcHp4bFJOT253bUwKYllINnZvM3AzN2RWK0J3cmQ2bjl2M1JPczFqalQyeGg1S25zeXdBT3BCU3p2N1V1bEc3QjRIMHg0cG9sSTYySQo5U2w5eUZzWkZ1Q2IxTHZycytJUE1WZWczQ2d0VXdLbzc1bHJuaFpwR3N6c2xLd1lKaUlMZFNqeERodExGTWRLCmoxRjJYN1VDcU9KaldmY3hjNnNrVDlsZVBqMXBLbEZ4MlJBUmJ1RnpQQTIrNmZqanA0aTk5N1VEU2FwaGFxMTQKdGNoWDBQUUR5NEJmY2ptNUU5TS92Zz09Ci0tLS0tRU5EIENFUlRJRklDQVRFLS0tLS0K"}],"master_authorized_networks_config":[],"master_version":"1.20.10-gke.1600","min_master_version":null,"monitoring_config":[{"enable_components":["SYSTEM_COMPONENTS"]}],"monitoring_service":"monitoring.googleapis.com/kubernetes","name":"kuber-2","network":"projects/dev-for-tests/global/networks/default","network_policy":[{"enabled":false,"provider":"PROVIDER_UNSPECIFIED"}],"networking_mode":"VPC_NATIVE","node_config":[{"disk_size_gb":30,"disk_type":"pd-standard","gcfs_config":[],"guest_accelerator":[],"image_type":"COS_CONTAINERD","labels":{},"local_ssd_count":0,"machine_type":"e2-medium","metadata":{"disable-legacy-endpoints":"true"},"min_cpu_platform":"","oauth_scopes":["https://www.googleapis.com/auth/logging.write","https://www.googleapis.com/auth/monitoring"],"preemptible":true,"service_account":"default","shielded_instance_config":[{"enable_integrity_monitoring":true,"enable_secure_boot":false}],"tags":[],"taint":[],"workload_metadata_config":[]}],"node_locations":[],"node_pool":[{"autoscaling":[],"initial_node_count":2,"instance_group_urls":["https://www.googleapis.com/compute/v1/projects/dev-for-tests/zones/us-central1-a/instanceGroupManagers/gke-kuber-2-node-cluster-2-58e10443-grp"],"managed_instance_group_urls":["https://www.googleapis.com/compute/v1/projects/dev-for-tests/zones/us-central1-a/instanceGroups/gke-kuber-2-node-cluster-2-58e10443-grp"],"management":[{"auto_repair":true,"auto_upgrade":true}],"max_pods_per_node":110,"name":"node-cluster-2","name_prefix":"","node_config":[{"disk_size_gb":30,"disk_type":"pd-standard","gcfs_config":[],"guest_accelerator":[],"image_type":"COS_CONTAINERD","labels":{},"local_ssd_count":0,"machine_type":"e2-medium","metadata":{"disable-legacy-endpoints":"true"},"min_cpu_platform":"","oauth_scopes":["https://www.googleapis.com/auth/logging.write","https://www.googleapis.com/auth/monitoring"],"preemptible":true,"service_account":"default","shielded_instance_config":[{"enable_integrity_monitoring":true,"enable_secure_boot":false}],"tags":[],"taint":[],"workload_metadata_config":[]}],"node_count":2,"node_locations":["us-central1-a"],"upgrade_settings":[{"max_surge":1,"max_unavailable":0}],"version":"1.20.10-gke.1600"}],"node_version":"1.20.10-gke.1600","operation":null,"private_cluster_config":[],"private_ipv6_google_access":"","project":"dev-for-tests","release_channel":[{"channel":"REGULAR"}],"remove_default_node_pool":true,"resource_labels":{},"resource_usage_export_config":[],"self_link":"https://container.googleapis.com/v1/projects/dev-for-tests/zones/us-central1-a/clusters/kuber-2","services_ipv4_cidr":"10.89.32.0/20","subnetwork":"projects/dev-for-tests/regions/us-central1/subnetworks/default","timeouts":null,"tpu_ipv4_cidr_block":"","vertical_pod_autoscaling":[],"workload_identity_config":[]},"after_unknown":{}}},{"address":"google_container_node_pool.add_cluster","mode":"managed","type":"google_container_node_pool","name":"add_cluster","provider_name":"registry.terraform.io/hashicorp/google","change":{"actions":["delete","create"],"before":{"autoscaling":[],"cluster":"projects/dev-for-tests/locations/us-central1-a/clusters/kuber-2","id":"projects/dev-for-tests/locations/us-central1-a/clusters/kuber-2/nodePools/node-cluster-2","initial_node_count":2,"instance_group_urls":["https://www.googleapis.com/compute/v1/projects/dev-for-tests/zones/us-central1-a/instanceGroupManagers/gke-kuber-2-node-cluster-2-58e10443-grp"],"location":"us-central1-a","managed_instance_group_urls":["https://www.googleapis.com/compute/v1/projects/dev-for-tests/zones/us-central1-a/instanceGroups/gke-kuber-2-node-cluster-2-58e10443-grp"],"management":[{"auto_repair":true,"auto_upgrade":true}],"max_pods_per_node":110,"name":"node-cluster-2","name_prefix":"","node_config":[{"disk_size_gb":30,"disk_type":"pd-standard","gcfs_config":[],"guest_accelerator":[],"image_type":"COS_CONTAINERD","labels":{},"local_ssd_count":0,"machine_type":"e2-medium","metadata":{"disable-legacy-endpoints":"true"},"min_cpu_platform":"","oauth_scopes":["https://www.googleapis.com/auth/logging.write","https://www.googleapis.com/auth/monitoring"],"preemptible":true,"service_account":"default","shielded_instance_config":[{"enable_integrity_monitoring":true,"enable_secure_boot":false}],"tags":[],"taint":[],"workload_metadata_config":[]}],"node_count":2,"node_locations":["us-central1-a"],"operation":null,"project":"dev-for-tests","timeouts":null,"upgrade_settings":[{"max_surge":1,"max_unavailable":0}],"version":"1.20.10-gke.1600"},"after":{"autoscaling":[],"cluster":"projects/dev-for-tests/locations/us-central1-a/clusters/kuber-2","location":"us-central1","name":"node-cluster-2","node_config":[{"disk_size_gb":30,"gcfs_config":[],"machine_type":"e2-medium","min_cpu_platform":null,"preemptible":true,"tags":null}],"node_count":2,"timeouts":null},"after_unknown":{"autoscaling":[],"id":true,"initial_node_count":true,"instance_group_urls":true,"managed_instance_group_urls":true,"management":true,"max_pods_per_node":true,"name_prefix":true,"node_config":[{"disk_type":true,"gcfs_config":[],"guest_accelerator":true,"image_type":true,"labels":true,"local_ssd_count":true,"metadata":true,"oauth_scopes":true,"service_account":true,"shielded_instance_config":true,"taint":true,"workload_metadata_config":true}],"node_locations":true,"operation":true,"project":true,"upgrade_settings":true,"version":true}}}],"prior_state":{"format_version":"0.1","terraform_version":"1.0.4","values":{"root_module":{"resources":[{"address":"google_container_cluster.cluster","mode":"managed","type":"google_container_cluster","name":"cluster","provider_name":"registry.terraform.io/hashicorp/google","schema_version":1,"values":{"addons_config":[{"cloudrun_config":[],"horizontal_pod_autoscaling":[],"http_load_balancing":[],"network_policy_config":[{"disabled":true}]}],"authenticator_groups_config":[],"cluster_autoscaling":[{"auto_provisioning_defaults":[],"enabled":false,"resource_limits":[]}],"cluster_ipv4_cidr":"10.2.0.0/20","confidential_nodes":[],"database_encryption":[{"key_name":"","state":"DECRYPTED"}],"datapath_provider":"","default_max_pods_per_node":110,"default_snat_status":[{"disabled":false}],"description":"","enable_autopilot":false,"enable_binary_authorization":false,"enable_intranode_visibility":false,"enable_kubernetes_alpha":false,"enable_legacy_abac":false,"enable_shielded_nodes":false,"enable_tpu":false,"endpoint":"35.224.242.197","id":"projects/dev-for-tests/locations/us-central1-a/clusters/kuber-2","initial_node_count":2,"ip_allocation_policy":[{"cluster_ipv4_cidr_block":"10.2.0.0/20","cluster_secondary_range_name":"gke-kuber-2-pods-2b5fc48b","services_ipv4_cidr_block":"10.89.32.0/20","services_secondary_range_name":"gke-kuber-2-services-2b5fc48b"}],"label_fingerprint":"a9dc16a7","location":"us-central1-a","logging_config":[{"enable_components":["SYSTEM_COMPONENTS","WORKLOADS"]}],"logging_service":"logging.googleapis.com/kubernetes","maintenance_policy":[],"master_auth":[{"client_certificate":"","client_certificate_config":[{"issue_client_certificate":false}],"client_key":"","cluster_ca_certificate":"LS0tLS1CRUdJTiBDRVJUSUZJQ0FURS0tLS0tCk1JSUVMRENDQXBTZ0F3SUJBZ0lRRmR2TVZWUXVTajRhMDBMZnJFV2dGakFOQmdrcWhraUc5dzBCQVFzRkFEQXYKTVMwd0t3WURWUVFERXlRek5EUXlOV0V5TmkwNE16UXpMVFJoWkdVdE9ERTJaUzAwWldGbVl6azVPREprTVRNdwpJQmNOTWpFeE1URTNNVEF3TURNMFdoZ1BNakExTVRFeE1UQXhNVEF3TXpSYU1DOHhMVEFyQmdOVkJBTVRKRE0wCk5ESTFZVEkyTFRnek5ETXROR0ZrWlMwNE1UWmxMVFJsWVdaak9UazRNbVF4TXpDQ0FhSXdEUVlKS29aSWh2Y04KQVFFQkJRQURnZ0dQQURDQ0FZb0NnZ0dCQU4ydTFlcFh1dTdPcXZkZkF6L3V4WVJPT1ZickozTXJkZVNSbzlMSQpoc1NQQnR5RndWak5YeE16cWV0NldhV04xYkdlOVZhUDBNc01jQ0FHbS9xelFNbEpndEljckF0d1JEZnN3TkhUClNPMWhkNW9nMFFLb1NJbzdHcDIrdWZkRXFqWEFUZHlFMVM2SjlkSGF6TEZrYTZ6bm95eEREOTZ4QVJVNHdibDMKbHd4OTNDKzU2YWxialJ2N1VGSzQ3bERROW80M0J3UFZsRnVjakUyWjVPcm1Eb1J3T1V3b003dEdXZGlMMmVySAp5anlLSGJqeGVrSW1rTmJ6ZHFSOUVGTXdGb1paZjg1anZlQXVuaWd3NGhKeTVQcjZ1bkF0ZzNvbGFIRmdhSVJTClp0QjRjc3JQN3pMMDFMZlRFN0YzcDB4TFJSRlBhdmw2d0llN1dYcDVkaThacjZycWRvclJFNzNGQldZYVhoVi8KUWxhbVhpWW9lby9PSXVrcy82cFJkNFRhdGI3YnMrMTNDaE15dytRZWlXOUZZZDdCWGcwQVpHTElVNzNlVi82SQpML0Y1dFhkbVVwc0JMZFF1Q05vbnNoU0FUQ1FuT1NCcjZSR0RFUVFGTElKVFovYWgvUkRHbW1TK1lMVVlaaW10CkV5K1hUTXVKdXhOM2RuTTVjZmUzdHA0ZjNRSURBUUFCbzBJd1FEQU9CZ05WSFE4QkFmOEVCQU1DQWdRd0R3WUQKVlIwVEFRSC9CQVV3QXdFQi96QWRCZ05WSFE0RUZnUVVxK09jWlF4QkM3TnRuM1o4alN5bDVXSFExaGd3RFFZSgpLb1pJaHZjTkFRRUxCUUFEZ2dHQkFDNXBqYjFQeWkwbGJVaW5jb3Z4N3BkcVJldHdBNlZEMktBT3ljRXJicGJRCkdQR2g5NlZFcXh1N1Q4Yk43Z1FRQnVkWjQ4NVhsTEo3S1Bxay93SDk3blZlM0Exd1Nybmg2Q0twYmYrZ0FnQlQKQXNKTHJjQ3JvVW5GL0VVZVZSa3QzWGh2cWdlMUpPVy9mUzZzV0xsL2VmWG9md1dPUUdTU2haeFBSSmR3MENrMgp5anIzdHN3TEVBWWwyUmtDeXFuUUQyUmhHMFZ1UnpTUFEwODNVZHlUaHk2N2h0TDRzOVV2LzJwR1FyVlNKOUFZCmxlQW5temcxMHFDcC9vODhvWGs5TXBFREIyN3ppSmQ5cEFpWEdrdjRIL2VxWUtSNzFNaGwvcHp4bFJOT253bUwKYllINnZvM3AzN2RWK0J3cmQ2bjl2M1JPczFqalQyeGg1S25zeXdBT3BCU3p2N1V1bEc3QjRIMHg0cG9sSTYySQo5U2w5eUZzWkZ1Q2IxTHZycytJUE1WZWczQ2d0VXdLbzc1bHJuaFpwR3N6c2xLd1lKaUlMZFNqeERodExGTWRLCmoxRjJYN1VDcU9KaldmY3hjNnNrVDlsZVBqMXBLbEZ4MlJBUmJ1RnpQQTIrNmZqanA0aTk5N1VEU2FwaGFxMTQKdGNoWDBQUUR5NEJmY2ptNUU5TS92Zz09Ci0tLS0tRU5EIENFUlRJRklDQVRFLS0tLS0K"}],"master_authorized_networks_config":[],"master_version":"1.20.10-gke.1600","min_master_version":null,"monitoring_config":[{"enable_components":["SYSTEM_COMPONENTS"]}],"monitoring_service":"monitoring.googleapis.com/kubernetes","name":"kuber-2","network":"projects/dev-for-tests/global/networks/default","network_policy":[{"enabled":false,"provider":"PROVIDER_UNSPECIFIED"}],"networking_mode":"VPC_NATIVE","node_config":[{"disk_size_gb":30,"disk_type":"pd-standard","gcfs_config":[],"guest_accelerator":[],"image_type":"COS_CONTAINERD","labels":{},"local_ssd_count":0,"machine_type":"e2-medium","metadata":{"disable-legacy-endpoints":"true"},"min_cpu_platform":"","oauth_scopes":["https://www.googleapis.com/auth/logging.write","https://www.googleapis.com/auth/monitoring"],"preemptible":true,"service_account":"default","shielded_instance_config":[{"enable_integrity_monitoring":true,"enable_secure_boot":false}],"tags":[],"taint":[],"workload_metadata_config":[]}],"node_locations":[],"node_pool":[{"autoscaling":[],"initial_node_count":2,"instance_group_urls":["https://www.googleapis.com/compute/v1/projects/dev-for-tests/zones/us-central1-a/instanceGroupManagers/gke-kuber-2-node-cluster-2-58e10443-grp"],"managed_instance_group_urls":["https://www.googleapis.com/compute/v1/projects/dev-for-tests/zones/us-central1-a/instanceGroups/gke-kuber-2-node-cluster-2-58e10443-grp"],"management":[{"auto_repair":true,"auto_upgrade":true}],"max_pods_per_node":110,"name":"node-cluster-2","name_prefix":"","node_config":[{"disk_size_gb":30,"disk_type":"pd-standard","gcfs_config":[],"guest_accelerator":[],"image_type":"COS_CONTAINERD","labels":{},"local_ssd_count":0,"machine_type":"e2-medium","metadata":{"disable-legacy-endpoints":"true"},"min_cpu_platform":"","oauth_scopes":["https://www.googleapis.com/auth/logging.write","https://www.googleapis.com/auth/monitoring"],"preemptible":true,"service_account":"default","shielded_instance_config":[{"enable_integrity_monitoring":true,"enable_secure_boot":false}],"tags":[],"taint":[],"workload_metadata_config":[]}],"node_count":2,"node_locations":["us-central1-a"],"upgrade_settings":[{"max_surge":1,"max_unavailable":0}],"version":"1.20.10-gke.1600"}],"node_version":"1.20.10-gke.1600","operation":null,"private_cluster_config":[],"private_ipv6_google_access":"","project":"dev-for-tests","release_channel":[{"channel":"REGULAR"}],"remove_default_node_pool":true,"resource_labels":{},"resource_usage_export_config":[],"self_link":"https://container.googleapis.com/v1/projects/dev-for-tests/zones/us-central1-a/clusters/kuber-2","services_ipv4_cidr":"10.89.32.0/20","subnetwork":"projects/dev-for-tests/regions/us-central1/subnetworks/default","timeouts":null,"tpu_ipv4_cidr_block":"","vertical_pod_autoscaling":[],"workload_identity_config":[]}},{"address":"google_container_node_pool.add_cluster","mode":"managed","type":"google_container_node_pool","name":"add_cluster","provider_name":"registry.terraform.io/hashicorp/google","schema_version":1,"values":{"autoscaling":[],"cluster":"projects/dev-for-tests/locations/us-central1-a/clusters/kuber-2","id":"projects/dev-for-tests/locations/us-central1-a/clusters/kuber-2/nodePools/node-cluster-2","initial_node_count":2,"instance_group_urls":["https://www.googleapis.com/compute/v1/projects/dev-for-tests/zones/us-central1-a/instanceGroupManagers/gke-kuber-2-node-cluster-2-58e10443-grp"],"location":"us-central1-a","managed_instance_group_urls":["https://www.googleapis.com/compute/v1/projects/dev-for-tests/zones/us-central1-a/instanceGroups/gke-kuber-2-node-cluster-2-58e10443-grp"],"management":[{"auto_repair":true,"auto_upgrade":true}],"max_pods_per_node":110,"name":"node-cluster-2","name_prefix":"","node_config":[{"disk_size_gb":30,"disk_type":"pd-standard","gcfs_config":[],"guest_accelerator":[],"image_type":"COS_CONTAINERD","labels":{},"local_ssd_count":0,"machine_type":"e2-medium","metadata":{"disable-legacy-endpoints":"true"},"min_cpu_platform":"","oauth_scopes":["https://www.googleapis.com/auth/logging.write","https://www.googleapis.com/auth/monitoring"],"preemptible":true,"service_account":"default","shielded_instance_config":[{"enable_integrity_monitoring":true,"enable_secure_boot":false}],"tags":[],"taint":[],"workload_metadata_config":[]}],"node_count":2,"node_locations":["us-central1-a"],"operation":null,"project":"dev-for-tests","timeouts":null,"upgrade_settings":[{"max_surge":1,"max_unavailable":0}],"version":"1.20.10-gke.1600"},"depends_on":["google_container_cluster.cluster"]}]}}},"configuration":{"provider_config":{"google":{"name":"google","expressions":{"project":{"constant_value":"dev-for-tests"}}}},"root_module":{"resources":[{"address":"google_container_cluster.cluster","mode":"managed","type":"google_container_cluster","name":"cluster","provider_config_key":"google","expressions":{"enable_shielded_nodes":{"constant_value":false},"initial_node_count":{"constant_value":2},"ip_allocation_policy":[{"cluster_ipv4_cidr_block":{"constant_value":"10.2.0.0/20"}}],"location":{"constant_value":"us-central1-a"},"name":{"constant_value":"kuber-2"},"network":{"constant_value":"default"},"remove_default_node_pool":{"constant_value":true}},"schema_version":1,"raw_data":{"FileName":"main.tf","StartLine":1,"EndLine":11}},{"address":"google_container_node_pool.add_cluster","mode":"managed","type":"google_container_node_pool","name":"add_cluster","provider_config_key":"google","expressions":{"cluster":{"references":["google_container_cluster.cluster"]},"location":{"constant_value":"us-central1"},"name":{"constant_value":"node-cluster-2"},"node_config":[{"disk_size_gb":{"constant_value":"30"},"machine_type":{"constant_value":"e2-medium"},"preemptible":{"constant_value":true}}],"node_count":{"constant_value":2}},"schema_version":1,"raw_data":{"FileName":"main.tf","StartLine":12,"EndLine":23}}]}}}
