{"format_version":"0.1","terraform_version":"0.14.6","planned_values":{"root_module":{"resources":[{"address":"google_storage_bucket.default","mode":"managed","type":"google_storage_bucket","name":"default","provider_name":"registry.terraform.io/hashicorp/google","schema_version":0,"values":{"cors":[{"max_age_seconds":3600,"method":["GET","HEAD","PUT","POST","DELETE"],"origin":["http://indeni.com"],"response_header":["*"]}],"default_event_based_hold":null,"encryption":[],"force_destroy":true,"labels":null,"lifecycle_rule":[],"location":"US","logging":[],"name":"dereban","requester_pays":null,"retention_policy":[],"storage_class":"STANDARD","uniform_bucket_level_access":true,"versioning":[],"website":[{"main_page_suffix":"index.html","not_found_page":"404.html"}]}},{"address":"google_storage_bucket_iam_member.member","mode":"managed","type":"google_storage_bucket_iam_member","name":"member","provider_name":"registry.terraform.io/hashicorp/google","schema_version":0,"values":{"bucket":"dereban","condition":[{"description":"Expiring at midnight of 2019-12-31","expression":"request.time \u003c timestamp(\"2020-01-01T00:00:00Z\")","title":"expires_after_2019_12_31"}],"member":"user:maksym.d@indeni.com","role":"roles/storage.admin"}},{"address":"google_storage_bucket_iam_policy.policy","mode":"managed","type":"google_storage_bucket_iam_policy","name":"policy","provider_name":"registry.terraform.io/hashicorp/google","schema_version":0,"values":{"bucket":"dereban","policy_data":"{\"bindings\":[{\"members\":[\"allAuthenticatedUsers\"],\"role\":\"roles/storage.admin\"}]}"}}]}},"resource_changes":[{"address":"google_storage_bucket.default","mode":"managed","type":"google_storage_bucket","name":"default","provider_name":"registry.terraform.io/hashicorp/google","change":{"actions":["create"],"before":null,"after":{"cors":[{"max_age_seconds":3600,"method":["GET","HEAD","PUT","POST","DELETE"],"origin":["http://indeni.com"],"response_header":["*"]}],"default_event_based_hold":null,"encryption":[],"force_destroy":true,"labels":null,"lifecycle_rule":[],"location":"US","logging":[],"name":"dereban","requester_pays":null,"retention_policy":[],"storage_class":"STANDARD","uniform_bucket_level_access":true,"versioning":[],"website":[{"main_page_suffix":"index.html","not_found_page":"404.html"}]},"after_unknown":{"cors":[{"method":[false,false,false,false,false],"origin":[false],"response_header":[false]}],"encryption":[],"id":true,"lifecycle_rule":[],"logging":[],"project":true,"retention_policy":[],"self_link":true,"url":true,"versioning":[],"website":[{}]}}},{"address":"google_storage_bucket_iam_member.member","mode":"managed","type":"google_storage_bucket_iam_member","name":"member","provider_name":"registry.terraform.io/hashicorp/google","change":{"actions":["create"],"before":null,"after":{"bucket":"dereban","condition":[{"description":"Expiring at midnight of 2019-12-31","expression":"request.time \u003c timestamp(\"2020-01-01T00:00:00Z\")","title":"expires_after_2019_12_31"}],"member":"user:maksym.d@indeni.com","role":"roles/storage.admin"},"after_unknown":{"condition":[{}],"etag":true,"id":true}}},{"address":"google_storage_bucket_iam_policy.policy","mode":"managed","type":"google_storage_bucket_iam_policy","name":"policy","provider_name":"registry.terraform.io/hashicorp/google","change":{"actions":["create"],"before":null,"after":{"bucket":"dereban","policy_data":"{\"bindings\":[{\"members\":[\"allAuthenticatedUsers\"],\"role\":\"roles/storage.admin\"}]}"},"after_unknown":{"etag":true,"id":true}}}],"prior_state":{"format_version":"0.1","terraform_version":"1.0.3","values":{"root_module":{"resources":[{"address":"data.google_iam_policy.admin","mode":"data","type":"google_iam_policy","name":"admin","provider_name":"registry.terraform.io/hashicorp/google","schema_version":0,"values":{"audit_config":null,"binding":[{"condition":[],"members":["allAuthenticatedUsers"],"role":"roles/storage.admin"}],"id":"4153696488","policy_data":"{\"bindings\":[{\"members\":[\"allAuthenticatedUsers\"],\"role\":\"roles/storage.admin\"}]}"}}]}}},"configuration":{"provider_config":{"google":{"name":"google","expressions":{"project":{"constant_value":"dev-for-tests"},"region":{"constant_value":"us-central-1"}}}},"root_module":{"resources":[{"address":"google_storage_bucket.default","mode":"managed","type":"google_storage_bucket","name":"default","provider_config_key":"google","expressions":{"cors":[{"max_age_seconds":{"constant_value":3600},"method":{"constant_value":["GET","HEAD","PUT","POST","DELETE"]},"origin":{"constant_value":["http://indeni.com"]},"response_header":{"constant_value":["*"]}}],"force_destroy":{"constant_value":true},"location":{"constant_value":"US"},"name":{"constant_value":"dereban"},"uniform_bucket_level_access":{"constant_value":true},"website":[{"main_page_suffix":{"constant_value":"index.html"},"not_found_page":{"constant_value":"404.html"}}]},"schema_version":0,"raw_data":{"FileName":"main.tf","StartLine":6,"EndLine":23}},{"address":"google_storage_bucket_iam_member.member","mode":"managed","type":"google_storage_bucket_iam_member","name":"member","provider_config_key":"google","expressions":{"bucket":{"references":["google_storage_bucket.default"]},"condition":[{"description":{"constant_value":"Expiring at midnight of 2019-12-31"},"expression":{"constant_value":"request.time \u003c timestamp(\"2020-01-01T00:00:00Z\")"},"title":{"constant_value":"expires_after_2019_12_31"}}],"member":{"constant_value":"user:maksym.d@indeni.com"},"role":{"constant_value":"roles/storage.admin"}},"schema_version":0,"raw_data":{"FileName":"main.tf","StartLine":25,"EndLine":35}},{"address":"google_storage_bucket_iam_policy.policy","mode":"managed","type":"google_storage_bucket_iam_policy","name":"policy","provider_config_key":"google","expressions":{"bucket":{"references":["google_storage_bucket.default"]},"policy_data":{"references":["data.google_iam_policy.admin"]}},"schema_version":0,"raw_data":{"FileName":"main.tf","StartLine":46,"EndLine":49}},{"address":"data.google_iam_policy.admin","mode":"data","type":"google_iam_policy","name":"admin","provider_config_key":"google","expressions":{"binding":[{"members":{"constant_value":["allAuthenticatedUsers"]},"role":{"constant_value":"roles/storage.admin"}}]},"schema_version":0,"raw_data":{"FileName":"main.tf","StartLine":37,"EndLine":44}}]}}}
