{"format_version":"0.1","terraform_version":"0.14.6","planned_values":{"root_module":{"resources":[{"address":"google_container_cluster.cluster5","mode":"managed","type":"google_container_cluster","name":"cluster5","provider_name":"registry.terraform.io/hashicorp/google","schema_version":1,"values":{"description":null,"enable_autopilot":null,"enable_binary_authorization":false,"enable_kubernetes_alpha":false,"enable_legacy_abac":false,"enable_shielded_nodes":true,"enable_tpu":null,"initial_node_count":3,"ip_allocation_policy":[{"cluster_ipv4_cidr_block":"/16"}],"location":"us-west1-a","maintenance_policy":[],"master_authorized_networks_config":[{"cidr_blocks":[{"cidr_block":"10.0.0.0/8","display_name":""}]}],"min_master_version":null,"name":"gke-cluster-005","network":"default","networking_mode":"VPC_NATIVE","private_cluster_config":[{"enable_private_endpoint":true,"enable_private_nodes":true,"master_ipv4_cidr_block":"172.16.0.32/28"}],"remove_default_node_pool":null,"resource_labels":null,"resource_usage_export_config":[],"timeouts":null,"vertical_pod_autoscaling":[]}},{"address":"google_container_cluster.cluster6","mode":"managed","type":"google_container_cluster","name":"cluster6","provider_name":"registry.terraform.io/hashicorp/google","schema_version":1,"values":{"description":null,"enable_autopilot":null,"enable_binary_authorization":false,"enable_kubernetes_alpha":false,"enable_legacy_abac":false,"enable_shielded_nodes":true,"enable_tpu":null,"initial_node_count":3,"location":"us-west1-a","maintenance_policy":[],"master_authorized_networks_config":[{"cidr_blocks":[{"cidr_block":"10.0.0.0/8","display_name":""}]}],"min_master_version":null,"name":"gke-cluster-006","network":"default","private_cluster_config":[],"remove_default_node_pool":null,"resource_labels":null,"resource_usage_export_config":[],"timeouts":null,"vertical_pod_autoscaling":[]}}]}},"resource_changes":[{"address":"google_container_cluster.cluster5","mode":"managed","type":"google_container_cluster","name":"cluster5","provider_name":"registry.terraform.io/hashicorp/google","change":{"actions":["create"],"before":null,"after":{"description":null,"enable_autopilot":null,"enable_binary_authorization":false,"enable_kubernetes_alpha":false,"enable_legacy_abac":false,"enable_shielded_nodes":true,"enable_tpu":null,"initial_node_count":3,"ip_allocation_policy":[{"cluster_ipv4_cidr_block":"/16"}],"location":"us-west1-a","maintenance_policy":[],"master_authorized_networks_config":[{"cidr_blocks":[{"cidr_block":"10.0.0.0/8","display_name":""}]}],"min_master_version":null,"name":"gke-cluster-005","network":"default","networking_mode":"VPC_NATIVE","private_cluster_config":[{"enable_private_endpoint":true,"enable_private_nodes":true,"master_ipv4_cidr_block":"172.16.0.32/28"}],"remove_default_node_pool":null,"resource_labels":null,"resource_usage_export_config":[],"timeouts":null,"vertical_pod_autoscaling":[]},"after_unknown":{"addons_config":true,"authenticator_groups_config":true,"cluster_autoscaling":true,"cluster_ipv4_cidr":true,"confidential_nodes":true,"database_encryption":true,"datapath_provider":true,"default_max_pods_per_node":true,"default_snat_status":true,"enable_intranode_visibility":true,"endpoint":true,"id":true,"ip_allocation_policy":[{"cluster_secondary_range_name":true,"services_ipv4_cidr_block":true,"services_secondary_range_name":true}],"label_fingerprint":true,"logging_config":true,"logging_service":true,"maintenance_policy":[],"master_auth":true,"master_authorized_networks_config":[{"cidr_blocks":[{}]}],"master_version":true,"monitoring_config":true,"monitoring_service":true,"network_policy":true,"node_config":true,"node_locations":true,"node_pool":true,"node_version":true,"operation":true,"private_cluster_config":[{"master_global_access_config":true,"peering_name":true,"private_endpoint":true,"public_endpoint":true}],"private_ipv6_google_access":true,"project":true,"release_channel":true,"resource_usage_export_config":[],"self_link":true,"services_ipv4_cidr":true,"subnetwork":true,"tpu_ipv4_cidr_block":true,"vertical_pod_autoscaling":[],"workload_identity_config":true}}},{"address":"google_container_cluster.cluster6","mode":"managed","type":"google_container_cluster","name":"cluster6","provider_name":"registry.terraform.io/hashicorp/google","change":{"actions":["create"],"before":null,"after":{"description":null,"enable_autopilot":null,"enable_binary_authorization":false,"enable_kubernetes_alpha":false,"enable_legacy_abac":false,"enable_shielded_nodes":true,"enable_tpu":null,"initial_node_count":3,"location":"us-west1-a","maintenance_policy":[],"master_authorized_networks_config":[{"cidr_blocks":[{"cidr_block":"10.0.0.0/8","display_name":""}]}],"min_master_version":null,"name":"gke-cluster-006","network":"default","private_cluster_config":[],"remove_default_node_pool":null,"resource_labels":null,"resource_usage_export_config":[],"timeouts":null,"vertical_pod_autoscaling":[]},"after_unknown":{"addons_config":true,"authenticator_groups_config":true,"cluster_autoscaling":true,"cluster_ipv4_cidr":true,"confidential_nodes":true,"database_encryption":true,"datapath_provider":true,"default_max_pods_per_node":true,"default_snat_status":true,"enable_intranode_visibility":true,"endpoint":true,"id":true,"ip_allocation_policy":true,"label_fingerprint":true,"logging_config":true,"logging_service":true,"maintenance_policy":[],"master_auth":true,"master_authorized_networks_config":[{"cidr_blocks":[{}]}],"master_version":true,"monitoring_config":true,"monitoring_service":true,"network_policy":true,"networking_mode":true,"node_config":true,"node_locations":true,"node_pool":true,"node_version":true,"operation":true,"private_cluster_config":[],"private_ipv6_google_access":true,"project":true,"release_channel":true,"resource_usage_export_config":[],"self_link":true,"services_ipv4_cidr":true,"subnetwork":true,"tpu_ipv4_cidr_block":true,"vertical_pod_autoscaling":[],"workload_identity_config":true}}}],"configuration":{"provider_config":{"google":{"name":"google","expressions":{"project":{"constant_value":"dev-for-tests"},"region":{"constant_value":"us-west1"}}}},"root_module":{"resources":[{"address":"google_container_cluster.cluster5","mode":"managed","type":"google_container_cluster","name":"cluster5","provider_config_key":"google","expressions":{"initial_node_count":{"constant_value":3},"ip_allocation_policy":[{"cluster_ipv4_cidr_block":{"constant_value":"/16"}}],"location":{"constant_value":"us-west1-a"},"master_authorized_networks_config":[{"cidr_blocks":[{"cidr_block":{"constant_value":"10.0.0.0/8"}}]}],"name":{"constant_value":"gke-cluster-005"},"networking_mode":{"constant_value":"VPC_NATIVE"},"private_cluster_config":[{"enable_private_endpoint":{"constant_value":true},"enable_private_nodes":{"constant_value":true},"master_ipv4_cidr_block":{"constant_value":"172.16.0.32/28"}}]},"schema_version":1,"raw_data":{"FileName":"main.tf","StartLine":6,"EndLine":25}},{"address":"google_container_cluster.cluster6","mode":"managed","type":"google_container_cluster","name":"cluster6","provider_config_key":"google","expressions":{"initial_node_count":{"constant_value":3},"location":{"constant_value":"us-west1-a"},"master_authorized_networks_config":[{"cidr_blocks":[{"cidr_block":{"constant_value":"10.0.0.0/8"}}]}],"name":{"constant_value":"gke-cluster-006"}},"schema_version":1,"raw_data":{"FileName":"main.tf","StartLine":26,"EndLine":36}}]}}}
