{"format_version":"0.1","terraform_version":"0.12.29","planned_values":{"root_module":{"resources":[{"address":"aws_instance.ec2","mode":"managed","type":"aws_instance","name":"ec2","provider_name":"aws","schema_version":1,"values":{"ami":"ami-07cda0db070313c52","credit_specification":[],"disable_api_termination":null,"ebs_optimized":null,"get_password_data":false,"hibernation":null,"iam_instance_profile":null,"instance_initiated_shutdown_behavior":null,"instance_type":"t2.micro","monitoring":null,"source_dest_check":true,"tags":{"Name":"Integration test - use case 1"},"timeouts":null,"user_data":null,"user_data_base64":null,"volume_tags":null}}]}},"resource_changes":[{"address":"aws_instance.ec2","mode":"managed","type":"aws_instance","name":"ec2","provider_name":"aws","change":{"actions":["create"],"before":null,"after":{"ami":"ami-07cda0db070313c52","credit_specification":[],"disable_api_termination":null,"ebs_optimized":null,"get_password_data":false,"hibernation":null,"iam_instance_profile":null,"instance_initiated_shutdown_behavior":null,"instance_type":"t2.micro","monitoring":null,"source_dest_check":true,"tags":{"Name":"Integration test - use case 1"},"timeouts":null,"user_data":null,"user_data_base64":null,"volume_tags":null},"after_unknown":{"arn":true,"associate_public_ip_address":true,"availability_zone":true,"cpu_core_count":true,"cpu_threads_per_core":true,"credit_specification":[],"ebs_block_device":true,"enclave_options":true,"ephemeral_block_device":true,"host_id":true,"id":true,"instance_state":true,"ipv6_address_count":true,"ipv6_addresses":true,"key_name":true,"metadata_options":true,"network_interface":true,"outpost_arn":true,"password_data":true,"placement_group":true,"primary_network_interface_id":true,"private_dns":true,"private_ip":true,"public_dns":true,"public_ip":true,"root_block_device":true,"secondary_private_ips":true,"security_groups":true,"subnet_id":true,"tags":{},"tenancy":true,"vpc_security_group_ids":true}}}],"configuration":{"provider_config":{"aws":{"name":"aws","expressions":{"region":{"constant_value":"eu-west-2"}}}},"root_module":{"resources":[{"address":"aws_instance.ec2","mode":"managed","type":"aws_instance","name":"ec2","provider_config_key":"aws","expressions":{"ami":{"constant_value":"ami-07cda0db070313c52"},"instance_type":{"constant_value":"t2.micro"},"tags":{"constant_value":{"Name":"Integration test - use case 1"}}},"schema_version":1,"raw_data":{"FileName":"main.tf","StartLine":8,"EndLine":14}}]}}}
