{"format_version":"0.1","terraform_version":"0.13.4","planned_values":{"root_module":{"resources":[{"address":"aws_worklink_fleet.test","mode":"managed","type":"aws_worklink_fleet","name":"test","provider_name":"registry.terraform.io/hashicorp/aws","schema_version":0,"values":{"audit_stream_arn":null,"device_ca_certificate":null,"display_name":null,"identity_provider":[],"name":"test-no-net","network":[],"optimize_for_end_user_location":true}}]}},"resource_changes":[{"address":"aws_worklink_fleet.test","mode":"managed","type":"aws_worklink_fleet","name":"test","provider_name":"registry.terraform.io/hashicorp/aws","change":{"actions":["create"],"before":null,"after":{"audit_stream_arn":null,"device_ca_certificate":null,"display_name":null,"identity_provider":[],"name":"test-no-net","network":[],"optimize_for_end_user_location":true},"after_unknown":{"arn":true,"company_code":true,"created_time":true,"id":true,"identity_provider":[],"last_updated_time":true,"network":[]}}}],"configuration":{"provider_config":{"aws":{"name":"aws","expressions":{"region":{"constant_value":"us-east-1"}}}},"root_module":{"resources":[{"address":"aws_worklink_fleet.test","mode":"managed","type":"aws_worklink_fleet","name":"test","provider_config_key":"aws","expressions":{"name":{"constant_value":"test-no-net"}},"schema_version":0,"raw_data":{"FileName":"main.tf","StartLine":2,"EndLine":4}}]}}}
