{"format_version":"0.2","terraform_version":"1.0.3","planned_values":{"root_module":{"resources":[{"address":"azurerm_postgresql_configuration.example","mode":"managed","type":"azurerm_postgresql_configuration","name":"example","provider_name":"registry.terraform.io/hashicorp/azurerm","schema_version":0,"values":{"name":"log_disconnections","resource_group_name":"cr2469-RG","server_name":"cr2469-postgresql-server","timeouts":null,"value":"off"},"sensitive_values":{}},{"address":"azurerm_postgresql_server.example","mode":"managed","type":"azurerm_postgresql_server","name":"example","provider_name":"registry.terraform.io/hashicorp/azurerm","schema_version":0,"values":{"administrator_login":"psqladminun","administrator_login_password":"H@Sh1CoR3!","create_mode":"Default","creation_source_server_id":null,"identity":[],"infrastructure_encryption_enabled":null,"location":"westeurope","name":"cr2469-postgresql-server","public_network_access_enabled":true,"resource_group_name":"cr2469-RG","restore_point_in_time":null,"sku_name":"B_Gen5_2","ssl_enforcement_enabled":true,"ssl_minimal_tls_version_enforced":"TLSEnforcementDisabled","tags":null,"threat_detection_policy":[],"timeouts":null,"version":"11"},"sensitive_values":{"identity":[],"storage_profile":[],"threat_detection_policy":[]}},{"address":"azurerm_resource_group.rg","mode":"managed","type":"azurerm_resource_group","name":"rg","provider_name":"registry.terraform.io/hashicorp/azurerm","schema_version":0,"values":{"location":"westeurope","name":"cr2469-RG","tags":null,"timeouts":null},"sensitive_values":{}}]}},"resource_changes":[{"address":"azurerm_postgresql_configuration.example","mode":"managed","type":"azurerm_postgresql_configuration","name":"example","provider_name":"registry.terraform.io/hashicorp/azurerm","change":{"actions":["create"],"before":null,"after":{"name":"log_disconnections","resource_group_name":"cr2469-RG","server_name":"cr2469-postgresql-server","timeouts":null,"value":"off"},"after_unknown":{"id":true},"before_sensitive":false,"after_sensitive":{}}},{"address":"azurerm_postgresql_server.example","mode":"managed","type":"azurerm_postgresql_server","name":"example","provider_name":"registry.terraform.io/hashicorp/azurerm","change":{"actions":["create"],"before":null,"after":{"administrator_login":"psqladminun","administrator_login_password":"H@Sh1CoR3!","create_mode":"Default","creation_source_server_id":null,"identity":[],"infrastructure_encryption_enabled":null,"location":"westeurope","name":"cr2469-postgresql-server","public_network_access_enabled":true,"resource_group_name":"cr2469-RG","restore_point_in_time":null,"sku_name":"B_Gen5_2","ssl_enforcement_enabled":true,"ssl_minimal_tls_version_enforced":"TLSEnforcementDisabled","tags":null,"threat_detection_policy":[],"timeouts":null,"version":"11"},"after_unknown":{"auto_grow_enabled":true,"backup_retention_days":true,"fqdn":true,"geo_redundant_backup_enabled":true,"id":true,"identity":[],"ssl_enforcement":true,"storage_mb":true,"storage_profile":true,"threat_detection_policy":[]},"before_sensitive":false,"after_sensitive":{"administrator_login_password":true,"identity":[],"storage_profile":[],"threat_detection_policy":[]}}},{"address":"azurerm_resource_group.rg","mode":"managed","type":"azurerm_resource_group","name":"rg","provider_name":"registry.terraform.io/hashicorp/azurerm","change":{"actions":["create"],"before":null,"after":{"location":"westeurope","name":"cr2469-RG","tags":null,"timeouts":null},"after_unknown":{"id":true},"before_sensitive":false,"after_sensitive":{}}}],"configuration":{"provider_config":{"azurerm":{"name":"azurerm","expressions":{"features":[{}],"subscription_id":{"constant_value":"230613d8-3b34-4790-b650-36f31045f19a"}}}},"root_module":{"resources":[{"address":"azurerm_postgresql_configuration.example","mode":"managed","type":"azurerm_postgresql_configuration","name":"example","provider_config_key":"azurerm","expressions":{"name":{"constant_value":"log_disconnections"},"resource_group_name":{"references":["azurerm_resource_group.rg.name","azurerm_resource_group.rg"]},"server_name":{"references":["azurerm_postgresql_server.example.name","azurerm_postgresql_server.example"]},"value":{"constant_value":"off"}},"schema_version":0},{"address":"azurerm_postgresql_server.example","mode":"managed","type":"azurerm_postgresql_server","name":"example","provider_config_key":"azurerm","expressions":{"administrator_login":{"constant_value":"psqladminun"},"administrator_login_password":{"constant_value":"H@Sh1CoR3!"},"location":{"references":["azurerm_resource_group.rg.location","azurerm_resource_group.rg"]},"name":{"references":["local.resource_prefix"]},"public_network_access_enabled":{"constant_value":true},"resource_group_name":{"references":["azurerm_resource_group.rg.name","azurerm_resource_group.rg"]},"sku_name":{"constant_value":"B_Gen5_2"},"ssl_enforcement_enabled":{"constant_value":true},"version":{"constant_value":"11"}},"schema_version":0},{"address":"azurerm_resource_group.rg","mode":"managed","type":"azurerm_resource_group","name":"rg","provider_config_key":"azurerm","expressions":{"location":{"constant_value":"West Europe"},"name":{"references":["local.resource_prefix"]}},"schema_version":0}]}}}
