{"format_version":"0.1","terraform_version":"0.13.4","planned_values":{"root_module":{"resources":[{"address":"aws_iam_policy.pb_policy","mode":"managed","type":"aws_iam_policy","name":"pb_policy","provider_name":"registry.terraform.io/hashicorp/aws","schema_version":0,"values":{"description":"Permission Boundary Policy - restricts 'ec2-role' from doing DescribeInstances","name":"permission_boundary_policy","name_prefix":null,"path":"/","policy":"{\n  \"Version\": \"2012-10-17\",\n  \"Statement\": [\n    {\n      \"Action\": [\n        \"ec2:DescribeInstances\"\n      ],\n      \"Effect\": \"Deny\",\n      \"Resource\": \"*\"\n    },\n    {\n      \"Action\": [\n        \"ec2:*\"\n      ],\n      \"Effect\": \"Allow\",\n      \"Resource\": \"*\"\n    }\n  ]\n}\n","tags":null}},{"address":"aws_iam_user.test-user","mode":"managed","type":"aws_iam_user","name":"test-user","provider_name":"registry.terraform.io/hashicorp/aws","schema_version":0,"values":{"force_destroy":false,"name":"test-user","path":"/","permissions_boundary":"aws_iam_policy.pb_policy.arn","tags":null}}]}},"resource_changes":[{"address":"aws_iam_policy.pb_policy","mode":"managed","type":"aws_iam_policy","name":"pb_policy","provider_name":"registry.terraform.io/hashicorp/aws","change":{"actions":["create"],"before":null,"after":{"description":"Permission Boundary Policy - restricts 'ec2-role' from doing DescribeInstances","name":"permission_boundary_policy","name_prefix":null,"path":"/","policy":"{\n  \"Version\": \"2012-10-17\",\n  \"Statement\": [\n    {\n      \"Action\": [\n        \"ec2:DescribeInstances\"\n      ],\n      \"Effect\": \"Deny\",\n      \"Resource\": \"*\"\n    },\n    {\n      \"Action\": [\n        \"ec2:*\"\n      ],\n      \"Effect\": \"Allow\",\n      \"Resource\": \"*\"\n    }\n  ]\n}\n","tags":null},"after_unknown":{"arn":true,"id":true,"policy_id":true,"tags_all":true}}},{"address":"aws_iam_user.test-user","mode":"managed","type":"aws_iam_user","name":"test-user","provider_name":"registry.terraform.io/hashicorp/aws","change":{"actions":["create"],"before":null,"after":{"force_destroy":false,"name":"test-user","path":"/","permissions_boundary":"aws_iam_policy.pb_policy.arn","tags":null},"after_unknown":{"arn":true,"id":true,"tags_all":true,"unique_id":true}}}],"configuration":{"provider_config":{"aws":{"name":"aws","expressions":{"region":{"constant_value":"us-east-1"}}}},"root_module":{"resources":[{"address":"aws_iam_policy.pb_policy","mode":"managed","type":"aws_iam_policy","name":"pb_policy","provider_config_key":"aws","expressions":{"description":{"constant_value":"Permission Boundary Policy - restricts 'ec2-role' from doing DescribeInstances"},"name":{"constant_value":"permission_boundary_policy"},"path":{"constant_value":"/"},"policy":{"constant_value":"{\n  \"Version\": \"2012-10-17\",\n  \"Statement\": [\n    {\n      \"Action\": [\n        \"ec2:DescribeInstances\"\n      ],\n      \"Effect\": \"Deny\",\n      \"Resource\": \"*\"\n    },\n    {\n      \"Action\": [\n        \"ec2:*\"\n      ],\n      \"Effect\": \"Allow\",\n      \"Resource\": \"*\"\n    }\n  ]\n}\n"}},"schema_version":0,"raw_data":{"FileName":"main.tf","StartLine":7,"EndLine":33}},{"address":"aws_iam_user.test-user","mode":"managed","type":"aws_iam_user","name":"test-user","provider_config_key":"aws","expressions":{"name":{"constant_value":"test-user"},"permissions_boundary":{"references":["aws_iam_policy.pb_policy"]}},"schema_version":0,"raw_data":{"FileName":"main.tf","StartLine":1,"EndLine":5}}]}}}
