{"format_version":"0.1","terraform_version":"0.12.29","planned_values":{"root_module":{"child_modules":[{"resources":[{"address":"module.test_module.aws_glacier_vault.not_secure_archive","mode":"managed","type":"aws_glacier_vault","name":"not_secure_archive","provider_name":"aws","schema_version":0,"values":{"access_policy":"{\"Statement\":[{\"Action\":[\"glacier:*\"],\"Effect\":\"Allow\",\"Principal\":\"*\",\"Resource\":\"arn:aws:glacier:us-east-1:115553109071:vaults/not_secure_archive\",\"Sid\":\"add-read-only-perm\"}],\"Version\":\"2012-10-17\"}","name":"not_secure_archive","notification":[{"events":["ArchiveRetrievalCompleted","InventoryRetrievalCompleted"],"sns_topic":"module.test_module.aws_sns_topic.aws_sns_topic.arn"}],"tags":null}},{"address":"module.test_module.aws_sns_topic.aws_sns_topic","mode":"managed","type":"aws_sns_topic","name":"aws_sns_topic","provider_name":"aws","schema_version":0,"values":{"application_failure_feedback_role_arn":null,"application_success_feedback_role_arn":null,"application_success_feedback_sample_rate":null,"delivery_policy":null,"display_name":null,"http_failure_feedback_role_arn":null,"http_success_feedback_role_arn":null,"http_success_feedback_sample_rate":null,"kms_master_key_id":null,"lambda_failure_feedback_role_arn":null,"lambda_success_feedback_role_arn":null,"lambda_success_feedback_sample_rate":null,"name":"glacier-sns-topic","name_prefix":null,"sqs_failure_feedback_role_arn":null,"sqs_success_feedback_role_arn":null,"sqs_success_feedback_sample_rate":null,"tags":null}}],"address":"module.test_module"}]}},"resource_changes":[{"address":"module.test_module.aws_glacier_vault.not_secure_archive","module_address":"module.test_module","mode":"managed","type":"aws_glacier_vault","name":"not_secure_archive","provider_name":"aws","change":{"actions":["create"],"before":null,"after":{"access_policy":"{\"Statement\":[{\"Action\":[\"glacier:*\"],\"Effect\":\"Allow\",\"Principal\":\"*\",\"Resource\":\"arn:aws:glacier:us-east-1:115553109071:vaults/not_secure_archive\",\"Sid\":\"add-read-only-perm\"}],\"Version\":\"2012-10-17\"}","name":"not_secure_archive","notification":[{"events":["ArchiveRetrievalCompleted","InventoryRetrievalCompleted"],"sns_topic":"module.test_module.aws_sns_topic.aws_sns_topic.arn"}],"tags":null},"after_unknown":{"arn":true,"id":true,"location":true,"notification":[{"events":[false,false]}]}}},{"address":"module.test_module.aws_sns_topic.aws_sns_topic","module_address":"module.test_module","mode":"managed","type":"aws_sns_topic","name":"aws_sns_topic","provider_name":"aws","change":{"actions":["create"],"before":null,"after":{"application_failure_feedback_role_arn":null,"application_success_feedback_role_arn":null,"application_success_feedback_sample_rate":null,"delivery_policy":null,"display_name":null,"http_failure_feedback_role_arn":null,"http_success_feedback_role_arn":null,"http_success_feedback_sample_rate":null,"kms_master_key_id":null,"lambda_failure_feedback_role_arn":null,"lambda_success_feedback_role_arn":null,"lambda_success_feedback_sample_rate":null,"name":"glacier-sns-topic","name_prefix":null,"sqs_failure_feedback_role_arn":null,"sqs_success_feedback_role_arn":null,"sqs_success_feedback_sample_rate":null,"tags":null},"after_unknown":{"arn":true,"id":true,"policy":true}}}],"configuration":{"provider_config":{"aws":{"name":"aws","version_constraint":"3.22.0","expressions":{"region":{"constant_value":"us-east-1"}}},"test_module:aws":{"name":"aws","module_address":"test_module","expressions":{"region":{"constant_value":"us-east-1"}}}},"root_module":{"module_calls":{"test_module":{"source":"./glacier_vault/not_secure_policy","module":{"resources":[{"address":"aws_glacier_vault.not_secure_archive","mode":"managed","type":"aws_glacier_vault","name":"not_secure_archive","provider_config_key":"test_module:aws","expressions":{"access_policy":{"constant_value":"{\n    \"Version\":\"2012-10-17\",\n    \"Statement\":[\n       {\n          \"Sid\": \"add-read-only-perm\",\n          \"Principal\": \"*\",\n          \"Effect\": \"Allow\",\n          \"Action\": [\n             \"glacier:*\"\n          ],\n          \"Resource\": \"arn:aws:glacier:us-east-1:115553109071:vaults/not_secure_archive\"\n       }\n    ]\n}\n"},"name":{"constant_value":"not_secure_archive"},"notification":[{"events":{"constant_value":["ArchiveRetrievalCompleted","InventoryRetrievalCompleted"]},"sns_topic":{"references":["aws_sns_topic.aws_sns_topic"]}}]},"schema_version":0,"raw_data":{"FileName":"glacier_vault/not_secure_policy/main.tf","StartLine":9,"EndLine":33}},{"address":"aws_sns_topic.aws_sns_topic","mode":"managed","type":"aws_sns_topic","name":"aws_sns_topic","provider_config_key":"test_module:aws","expressions":{"name":{"constant_value":"glacier-sns-topic"}},"schema_version":0,"raw_data":{"FileName":"glacier_vault/not_secure_policy/main.tf","StartLine":5,"EndLine":7}}]},"raw_data":{"FileName":"main.tf","StartLine":7,"EndLine":9}}}}}}
