{"format_version":"0.1","terraform_version":"0.13.4","planned_values":{"root_module":{"resources":[{"address":"aws_iam_user.user-1","mode":"managed","type":"aws_iam_user","name":"user-1","provider_name":"registry.terraform.io/hashicorp/aws","schema_version":0,"values":{"force_destroy":false,"name":"user-1","path":"/system/","permissions_boundary":null,"tags":null}},{"address":"aws_iam_user_policy.allow-policy","mode":"managed","type":"aws_iam_user_policy","name":"allow-policy","provider_name":"registry.terraform.io/hashicorp/aws","schema_version":0,"values":{"name":"allow-policy","name_prefix":null,"policy":"{\n  \"Version\": \"2012-10-17\",\n  \"Statement\": [\n    {\n      \"Action\": [\n        \"iam:ListRoles\"\n      ],\n      \"Effect\": \"Allow\",\n      \"Resource\": \"*\"\n    }\n  ]\n}\n","user":"user-1"}}]}},"resource_changes":[{"address":"aws_iam_user.user-1","mode":"managed","type":"aws_iam_user","name":"user-1","provider_name":"registry.terraform.io/hashicorp/aws","change":{"actions":["create"],"before":null,"after":{"force_destroy":false,"name":"user-1","path":"/system/","permissions_boundary":null,"tags":null},"after_unknown":{"arn":true,"id":true,"tags_all":true,"unique_id":true}}},{"address":"aws_iam_user_policy.allow-policy","mode":"managed","type":"aws_iam_user_policy","name":"allow-policy","provider_name":"registry.terraform.io/hashicorp/aws","change":{"actions":["create"],"before":null,"after":{"name":"allow-policy","name_prefix":null,"policy":"{\n  \"Version\": \"2012-10-17\",\n  \"Statement\": [\n    {\n      \"Action\": [\n        \"iam:ListRoles\"\n      ],\n      \"Effect\": \"Allow\",\n      \"Resource\": \"*\"\n    }\n  ]\n}\n","user":"user-1"},"after_unknown":{"id":true}}}],"configuration":{"provider_config":{"aws":{"name":"aws","expressions":{"region":{"constant_value":"us-east-1"}}}},"root_module":{"resources":[{"address":"aws_iam_user.user-1","mode":"managed","type":"aws_iam_user","name":"user-1","provider_config_key":"aws","expressions":{"name":{"constant_value":"user-1"},"path":{"constant_value":"/system/"}},"schema_version":0,"raw_data":{"FileName":"main.tf","StartLine":5,"EndLine":9}},{"address":"aws_iam_user_policy.allow-policy","mode":"managed","type":"aws_iam_user_policy","name":"allow-policy","provider_config_key":"aws","expressions":{"name":{"constant_value":"allow-policy"},"policy":{"constant_value":"{\n  \"Version\": \"2012-10-17\",\n  \"Statement\": [\n    {\n      \"Action\": [\n        \"iam:ListRoles\"\n      ],\n      \"Effect\": \"Allow\",\n      \"Resource\": \"*\"\n    }\n  ]\n}\n"},"user":{"references":["aws_iam_user.user-1"]}},"schema_version":0,"raw_data":{"FileName":"main.tf","StartLine":11,"EndLine":29}}]}}}
