{"format_version":"0.1","terraform_version":"0.12.29","planned_values":{"root_module":{"resources":[{"address":"aws_iam_role.test_role1","mode":"managed","type":"aws_iam_role","name":"test_role1","provider_name":"aws","schema_version":0,"values":{"assume_role_policy":"{\n  \"Version\": \"2012-10-17\",\n  \"Statement\": [\n    {\n      \"Action\": \"sts:AssumeRole\",\n      \"Principal\": {\n        \"Service\": \"ec2.amazonaws.com\"\n      },\n      \"Effect\": \"Allow\",\n      \"Sid\": \"\"\n    }\n  ]\n}\n","description":null,"force_detach_policies":false,"max_session_duration":3600,"name":"test_role1","name_prefix":null,"path":"/","permissions_boundary":null,"tags":null}},{"address":"aws_iam_role_policy.test_policy1","mode":"managed","type":"aws_iam_role_policy","name":"test_policy1","provider_name":"aws","schema_version":0,"values":{"name":"test_policy1","name_prefix":null,"policy":"{\n  \"Version\": \"2012-10-17\",\n  \"Statement\": [\n    {\n      \"Action\": [\n        \"s3:*\"\n      ],\n      \"Effect\": \"Allow\",\n      \"Resource\": \"*\"\n    }\n  ]\n}\n","role":"aws_iam_role.test_role1.id"}}]}},"resource_changes":[{"address":"aws_iam_role.test_role1","mode":"managed","type":"aws_iam_role","name":"test_role1","provider_name":"aws","change":{"actions":["create"],"before":null,"after":{"assume_role_policy":"{\n  \"Version\": \"2012-10-17\",\n  \"Statement\": [\n    {\n      \"Action\": \"sts:AssumeRole\",\n      \"Principal\": {\n        \"Service\": \"ec2.amazonaws.com\"\n      },\n      \"Effect\": \"Allow\",\n      \"Sid\": \"\"\n    }\n  ]\n}\n","description":null,"force_detach_policies":false,"max_session_duration":3600,"name":"test_role1","name_prefix":null,"path":"/","permissions_boundary":null,"tags":null},"after_unknown":{"arn":true,"create_date":true,"id":true,"inline_policy":true,"managed_policy_arns":true,"unique_id":true}}},{"address":"aws_iam_role_policy.test_policy1","mode":"managed","type":"aws_iam_role_policy","name":"test_policy1","provider_name":"aws","change":{"actions":["create"],"before":null,"after":{"name":"test_policy1","name_prefix":null,"policy":"{\n  \"Version\": \"2012-10-17\",\n  \"Statement\": [\n    {\n      \"Action\": [\n        \"s3:*\"\n      ],\n      \"Effect\": \"Allow\",\n      \"Resource\": \"*\"\n    }\n  ]\n}\n","role":"aws_iam_role.test_role1.id"},"after_unknown":{"id":true}}}],"configuration":{"provider_config":{"aws":{"name":"aws","expressions":{"region":{"constant_value":"us-east-1"}}}},"root_module":{"resources":[{"address":"aws_iam_role.test_role1","mode":"managed","type":"aws_iam_role","name":"test_role1","provider_config_key":"aws","expressions":{"assume_role_policy":{"constant_value":"{\n  \"Version\": \"2012-10-17\",\n  \"Statement\": [\n    {\n      \"Action\": \"sts:AssumeRole\",\n      \"Principal\": {\n        \"Service\": \"ec2.amazonaws.com\"\n      },\n      \"Effect\": \"Allow\",\n      \"Sid\": \"\"\n    }\n  ]\n}\n"},"name":{"constant_value":"test_role1"}},"schema_version":0,"raw_data":{"FileName":"main.tf","StartLine":6,"EndLine":25}},{"address":"aws_iam_role_policy.test_policy1","mode":"managed","type":"aws_iam_role_policy","name":"test_policy1","provider_config_key":"aws","expressions":{"name":{"constant_value":"test_policy1"},"policy":{"constant_value":"{\n  \"Version\": \"2012-10-17\",\n  \"Statement\": [\n    {\n      \"Action\": [\n        \"s3:*\"\n      ],\n      \"Effect\": \"Allow\",\n      \"Resource\": \"*\"\n    }\n  ]\n}\n"},"role":{"references":["aws_iam_role.test_role1"]}},"schema_version":0,"raw_data":{"FileName":"main.tf","StartLine":28,"EndLine":46}}]}}}
