{"format_version":"0.2","terraform_version":"1.0.3","planned_values":{"root_module":{"resources":[{"address":"google_compute_global_address.private_ip_address","mode":"managed","type":"google_compute_global_address","name":"private_ip_address","provider_name":"registry.terraform.io/hashicorp/google-beta","schema_version":0,"values":{"address_type":"INTERNAL","description":null,"ip_version":null,"labels":null,"name":"private-ip-address","prefix_length":16,"purpose":"VPC_PEERING","timeouts":null},"sensitive_values":{}},{"address":"google_compute_network.private_network","mode":"managed","type":"google_compute_network","name":"private_network","provider_name":"registry.terraform.io/hashicorp/google-beta","schema_version":0,"values":{"auto_create_subnetworks":true,"delete_default_routes_on_create":false,"description":null,"name":"private-network","timeouts":null},"sensitive_values":{}},{"address":"google_service_networking_connection.private_vpc_connection","mode":"managed","type":"google_service_networking_connection","name":"private_vpc_connection","provider_name":"registry.terraform.io/hashicorp/google-beta","schema_version":0,"values":{"reserved_peering_ranges":["private-ip-address"],"service":"servicenetworking.googleapis.com","timeouts":null},"sensitive_values":{"reserved_peering_ranges":[false]}},{"address":"google_sql_database_instance.cloudsql-closed","mode":"managed","type":"google_sql_database_instance","name":"cloudsql-closed","provider_name":"registry.terraform.io/hashicorp/google","schema_version":0,"values":{"clone":[],"database_version":"POSTGRES_11","deletion_protection":false,"name":"closed-instance-02","region":"us-west1","restore_backup_context":[],"root_password":null,"settings":[{"collation":null,"database_flags":[],"disk_autoresize":true,"disk_autoresize_limit":0,"insights_config":[],"ip_configuration":[{"authorized_networks":[{"expiration_time":"","name":"allowednetworks-0","value":"0.0.0.0/0"}],"ipv4_enabled":false,"require_ssl":null}],"maintenance_window":[],"pricing_plan":"PER_USE","tier":"db-f1-micro"}],"timeouts":null},"sensitive_values":{"clone":[],"ip_address":[],"replica_configuration":[],"restore_backup_context":[],"server_ca_cert":[],"settings":[{"authorized_gae_applications":[],"backup_configuration":[],"database_flags":[],"insights_config":[],"ip_configuration":[{"authorized_networks":[{}]}],"location_preference":[],"maintenance_window":[],"user_labels":{}}]}}]}},"resource_changes":[{"address":"google_compute_global_address.private_ip_address","mode":"managed","type":"google_compute_global_address","name":"private_ip_address","provider_name":"registry.terraform.io/hashicorp/google-beta","change":{"actions":["create"],"before":null,"after":{"address_type":"INTERNAL","description":null,"ip_version":null,"labels":null,"name":"private-ip-address","prefix_length":16,"purpose":"VPC_PEERING","timeouts":null},"after_unknown":{"address":true,"creation_timestamp":true,"id":true,"label_fingerprint":true,"network":true,"project":true,"self_link":true},"before_sensitive":false,"after_sensitive":{}}},{"address":"google_compute_network.private_network","mode":"managed","type":"google_compute_network","name":"private_network","provider_name":"registry.terraform.io/hashicorp/google-beta","change":{"actions":["create"],"before":null,"after":{"auto_create_subnetworks":true,"delete_default_routes_on_create":false,"description":null,"name":"private-network","timeouts":null},"after_unknown":{"gateway_ipv4":true,"id":true,"mtu":true,"project":true,"routing_mode":true,"self_link":true},"before_sensitive":false,"after_sensitive":{}}},{"address":"google_service_networking_connection.private_vpc_connection","mode":"managed","type":"google_service_networking_connection","name":"private_vpc_connection","provider_name":"registry.terraform.io/hashicorp/google-beta","change":{"actions":["create"],"before":null,"after":{"reserved_peering_ranges":["private-ip-address"],"service":"servicenetworking.googleapis.com","timeouts":null},"after_unknown":{"id":true,"network":true,"peering":true,"reserved_peering_ranges":[false]},"before_sensitive":false,"after_sensitive":{"reserved_peering_ranges":[false]}}},{"address":"google_sql_database_instance.cloudsql-closed","mode":"managed","type":"google_sql_database_instance","name":"cloudsql-closed","provider_name":"registry.terraform.io/hashicorp/google","change":{"actions":["create"],"before":null,"after":{"clone":[],"database_version":"POSTGRES_11","deletion_protection":false,"name":"closed-instance-02","region":"us-west1","restore_backup_context":[],"root_password":null,"settings":[{"collation":null,"database_flags":[],"disk_autoresize":true,"disk_autoresize_limit":0,"insights_config":[],"ip_configuration":[{"authorized_networks":[{"expiration_time":"","name":"allowednetworks-0","value":"0.0.0.0/0"}],"ipv4_enabled":false,"require_ssl":null}],"maintenance_window":[],"pricing_plan":"PER_USE","tier":"db-f1-micro"}],"timeouts":null},"after_unknown":{"clone":[],"connection_name":true,"first_ip_address":true,"id":true,"ip_address":true,"master_instance_name":true,"private_ip_address":true,"project":true,"public_ip_address":true,"replica_configuration":true,"restore_backup_context":[],"self_link":true,"server_ca_cert":true,"service_account_email_address":true,"settings":[{"activation_policy":true,"authorized_gae_applications":true,"availability_type":true,"backup_configuration":true,"crash_safe_replication":true,"database_flags":[],"disk_size":true,"disk_type":true,"insights_config":[],"ip_configuration":[{"authorized_networks":[{}],"private_network":true}],"location_preference":true,"maintenance_window":[],"replication_type":true,"user_labels":true,"version":true}]},"before_sensitive":false,"after_sensitive":{"clone":[],"ip_address":[],"replica_configuration":[],"restore_backup_context":[],"root_password":true,"server_ca_cert":[],"settings":[{"authorized_gae_applications":[],"backup_configuration":[],"database_flags":[],"insights_config":[],"ip_configuration":[{"authorized_networks":[{}]}],"location_preference":[],"maintenance_window":[],"user_labels":{}}]}}}],"configuration":{"provider_config":{"google":{"name":"google","expressions":{"project":{"constant_value":"cloudrail-test-proj-001"},"region":{"constant_value":"us-west1"}}},"google-beta":{"name":"google-beta","expressions":{"project":{"constant_value":"cloudrail-test-proj-001"},"region":{"constant_value":"us-west1"}}}},"root_module":{"resources":[{"address":"google_compute_global_address.private_ip_address","mode":"managed","type":"google_compute_global_address","name":"private_ip_address","provider_config_key":"google-beta","expressions":{"address_type":{"constant_value":"INTERNAL"},"name":{"constant_value":"private-ip-address"},"network":{"references":["google_compute_network.private_network.id","google_compute_network.private_network"]},"prefix_length":{"constant_value":16},"purpose":{"constant_value":"VPC_PEERING"}},"schema_version":0},{"address":"google_compute_network.private_network","mode":"managed","type":"google_compute_network","name":"private_network","provider_config_key":"google-beta","expressions":{"name":{"constant_value":"private-network"}},"schema_version":0},{"address":"google_service_networking_connection.private_vpc_connection","mode":"managed","type":"google_service_networking_connection","name":"private_vpc_connection","provider_config_key":"google-beta","expressions":{"network":{"references":["google_compute_network.private_network.id","google_compute_network.private_network"]},"reserved_peering_ranges":{"references":["google_compute_global_address.private_ip_address.name","google_compute_global_address.private_ip_address"]},"service":{"constant_value":"servicenetworking.googleapis.com"}},"schema_version":0},{"address":"google_sql_database_instance.cloudsql-closed","mode":"managed","type":"google_sql_database_instance","name":"cloudsql-closed","provider_config_key":"google","expressions":{"database_version":{"constant_value":"POSTGRES_11"},"deletion_protection":{"constant_value":false},"name":{"constant_value":"closed-instance-02"},"region":{"constant_value":"us-west1"},"settings":[{"ip_configuration":[{"ipv4_enabled":{"constant_value":false},"private_network":{"references":["google_compute_network.private_network.id","google_compute_network.private_network"]}}],"tier":{"constant_value":"db-f1-micro"}}]},"schema_version":0,"depends_on":["google_service_networking_connection.private_vpc_connection"]}]}}}
