{"format_version":"0.1","terraform_version":"0.13.4","planned_values":{"root_module":{"resources":[{"address":"aws_dynamodb_table.basic-dynamodb-table","mode":"managed","type":"aws_dynamodb_table","name":"basic-dynamodb-table","provider_name":"registry.terraform.io/hashicorp/aws","schema_version":1,"values":{"attribute":[{"name":"UserId","type":"S"}],"billing_mode":"PAY_PER_REQUEST","global_secondary_index":[],"hash_key":"UserId","local_secondary_index":[],"name":"GameScores","point_in_time_recovery":[],"range_key":null,"read_capacity":null,"replica":[],"server_side_encryption":[],"stream_enabled":null,"tags":null,"timeouts":null,"ttl":[],"write_capacity":null}}]}},"resource_changes":[{"address":"aws_dynamodb_table.basic-dynamodb-table","mode":"managed","type":"aws_dynamodb_table","name":"basic-dynamodb-table","provider_name":"registry.terraform.io/hashicorp/aws","change":{"actions":["create"],"before":null,"after":{"attribute":[{"name":"UserId","type":"S"}],"billing_mode":"PAY_PER_REQUEST","global_secondary_index":[],"hash_key":"UserId","local_secondary_index":[],"name":"GameScores","point_in_time_recovery":[],"range_key":null,"read_capacity":null,"replica":[],"server_side_encryption":[],"stream_enabled":null,"tags":null,"timeouts":null,"ttl":[],"write_capacity":null},"after_unknown":{"arn":true,"attribute":[{}],"global_secondary_index":[],"id":true,"local_secondary_index":[],"point_in_time_recovery":[],"replica":[],"server_side_encryption":[],"stream_arn":true,"stream_label":true,"stream_view_type":true,"tags_all":true,"ttl":[]}}}],"configuration":{"provider_config":{"aws":{"name":"aws","expressions":{"region":{"constant_value":"us-east-1"}}}},"root_module":{"resources":[{"address":"aws_dynamodb_table.basic-dynamodb-table","mode":"managed","type":"aws_dynamodb_table","name":"basic-dynamodb-table","provider_config_key":"aws","expressions":{"attribute":[{"name":{"constant_value":"UserId"},"type":{"constant_value":"S"}}],"billing_mode":{"constant_value":"PAY_PER_REQUEST"},"hash_key":{"constant_value":"UserId"},"name":{"constant_value":"GameScores"}},"schema_version":1,"raw_data":{"FileName":"main.tf","StartLine":3,"EndLine":12}}]}}}
