{"format_version":"0.1","terraform_version":"0.14.6","planned_values":{"root_module":{"resources":[{"address":"google_compute_backend_service.test","mode":"managed","type":"google_compute_backend_service","name":"test","provider_name":"registry.terraform.io/hashicorp/google","schema_version":1,"values":{"affinity_cookie_ttl_sec":null,"backend":[],"circuit_breakers":[],"connection_draining_timeout_sec":300,"consistent_hash":[],"custom_request_headers":null,"custom_response_headers":null,"description":null,"enable_cdn":null,"health_checks":null,"iap":[],"load_balancing_scheme":"EXTERNAL","locality_lb_policy":null,"name":"test-backend-service","outlier_detection":[],"protocol":"SSL","security_policy":null,"timeout_sec":10,"timeouts":null}},{"address":"google_compute_global_forwarding_rule.default","mode":"managed","type":"google_compute_global_forwarding_rule","name":"default","provider_name":"registry.terraform.io/hashicorp/google","schema_version":0,"values":{"description":null,"ip_protocol":"TCP","ip_version":null,"labels":null,"load_balancing_scheme":"EXTERNAL","metadata_filters":[],"name":"test-global-forwarding-rule","port_range":"443","target":"google_compute_target_ssl_proxy.test.id","timeouts":null}},{"address":"google_compute_ssl_certificate.test","mode":"managed","type":"google_compute_ssl_certificate","name":"test","provider_name":"registry.terraform.io/hashicorp/google","schema_version":0,"values":{"certificate":"tls_self_signed_cert.test.cert_pem","description":null,"name":"my-certificate","private_key":"tls_private_key.test.private_key_pem","timeouts":null}},{"address":"google_compute_ssl_policy.test","mode":"managed","type":"google_compute_ssl_policy","name":"test","provider_name":"registry.terraform.io/hashicorp/google","schema_version":0,"values":{"custom_features":null,"description":null,"min_tls_version":"TLS_1_2","name":"test-ssl-policy","profile":"MODERN","timeouts":null}},{"address":"google_compute_target_ssl_proxy.test","mode":"managed","type":"google_compute_target_ssl_proxy","name":"test","provider_name":"registry.terraform.io/hashicorp/google","schema_version":0,"values":{"backend_service":"google_compute_backend_service.test.id","description":null,"name":"test-ssl-proxy","proxy_header":"NONE","ssl_certificates":["google_compute_ssl_certificate.test.id"],"ssl_policy":"google_compute_ssl_policy.test.id","timeouts":null}},{"address":"tls_private_key.test","mode":"managed","type":"tls_private_key","name":"test","provider_name":"registry.terraform.io/hashicorp/tls","schema_version":0,"values":{"algorithm":"RSA","ecdsa_curve":"P224","rsa_bits":2048}},{"address":"tls_self_signed_cert.test","mode":"managed","type":"tls_self_signed_cert","name":"test","provider_name":"registry.terraform.io/hashicorp/tls","schema_version":0,"values":{"allowed_uses":["key_encipherment","digital_signature","server_auth"],"dns_names":null,"early_renewal_hours":0,"ip_addresses":null,"is_ca_certificate":null,"key_algorithm":"RSA","private_key_pem":"6e99ee5f26c12361f10322acde73196b1d524018","ready_for_renewal":true,"set_subject_key_id":null,"subject":[{"common_name":"example.com","country":null,"locality":null,"organization":"ACME Examples, Inc","organizational_unit":null,"postal_code":null,"province":null,"serial_number":null,"street_address":null}],"uris":null,"validity_period_hours":100}}]}},"resource_changes":[{"address":"google_compute_backend_service.test","mode":"managed","type":"google_compute_backend_service","name":"test","provider_name":"registry.terraform.io/hashicorp/google","change":{"actions":["create"],"before":null,"after":{"affinity_cookie_ttl_sec":null,"backend":[],"circuit_breakers":[],"connection_draining_timeout_sec":300,"consistent_hash":[],"custom_request_headers":null,"custom_response_headers":null,"description":null,"enable_cdn":null,"health_checks":null,"iap":[],"load_balancing_scheme":"EXTERNAL","locality_lb_policy":null,"name":"test-backend-service","outlier_detection":[],"protocol":"SSL","security_policy":null,"timeout_sec":10,"timeouts":null},"after_unknown":{"backend":[],"cdn_policy":true,"circuit_breakers":[],"consistent_hash":[],"creation_timestamp":true,"fingerprint":true,"iap":[],"id":true,"log_config":true,"outlier_detection":[],"port_name":true,"project":true,"self_link":true,"session_affinity":true}}},{"address":"google_compute_global_forwarding_rule.default","mode":"managed","type":"google_compute_global_forwarding_rule","name":"default","provider_name":"registry.terraform.io/hashicorp/google","change":{"actions":["create"],"before":null,"after":{"description":null,"ip_protocol":"TCP","ip_version":null,"labels":null,"load_balancing_scheme":"EXTERNAL","metadata_filters":[],"name":"test-global-forwarding-rule","port_range":"443","target":"google_compute_target_ssl_proxy.test.id","timeouts":null},"after_unknown":{"id":true,"ip_address":true,"label_fingerprint":true,"metadata_filters":[],"network":true,"project":true,"self_link":true}}},{"address":"google_compute_ssl_certificate.test","mode":"managed","type":"google_compute_ssl_certificate","name":"test","provider_name":"registry.terraform.io/hashicorp/google","change":{"actions":["create"],"before":null,"after":{"certificate":"tls_self_signed_cert.test.cert_pem","description":null,"name":"my-certificate","private_key":"tls_private_key.test.private_key_pem","timeouts":null},"after_unknown":{"certificate_id":true,"creation_timestamp":true,"id":true,"name_prefix":true,"project":true,"self_link":true}}},{"address":"google_compute_ssl_policy.test","mode":"managed","type":"google_compute_ssl_policy","name":"test","provider_name":"registry.terraform.io/hashicorp/google","change":{"actions":["create"],"before":null,"after":{"custom_features":null,"description":null,"min_tls_version":"TLS_1_2","name":"test-ssl-policy","profile":"MODERN","timeouts":null},"after_unknown":{"creation_timestamp":true,"enabled_features":true,"fingerprint":true,"id":true,"project":true,"self_link":true}}},{"address":"google_compute_target_ssl_proxy.test","mode":"managed","type":"google_compute_target_ssl_proxy","name":"test","provider_name":"registry.terraform.io/hashicorp/google","change":{"actions":["create"],"before":null,"after":{"backend_service":"google_compute_backend_service.test.id","description":null,"name":"test-ssl-proxy","proxy_header":"NONE","ssl_certificates":["google_compute_ssl_certificate.test.id"],"ssl_policy":"google_compute_ssl_policy.test.id","timeouts":null},"after_unknown":{"creation_timestamp":true,"id":true,"project":true,"proxy_id":true,"self_link":true,"ssl_certificates":[false]}}},{"address":"tls_private_key.test","mode":"managed","type":"tls_private_key","name":"test","provider_name":"registry.terraform.io/hashicorp/tls","change":{"actions":["create"],"before":null,"after":{"algorithm":"RSA","ecdsa_curve":"P224","rsa_bits":2048},"after_unknown":{"id":true,"private_key_pem":true,"public_key_fingerprint_md5":true,"public_key_openssh":true,"public_key_pem":true}}},{"address":"tls_self_signed_cert.test","mode":"managed","type":"tls_self_signed_cert","name":"test","provider_name":"registry.terraform.io/hashicorp/tls","change":{"actions":["create"],"before":null,"after":{"allowed_uses":["key_encipherment","digital_signature","server_auth"],"dns_names":null,"early_renewal_hours":0,"ip_addresses":null,"is_ca_certificate":null,"key_algorithm":"RSA","private_key_pem":"6e99ee5f26c12361f10322acde73196b1d524018","ready_for_renewal":true,"set_subject_key_id":null,"subject":[{"common_name":"example.com","country":null,"locality":null,"organization":"ACME Examples, Inc","organizational_unit":null,"postal_code":null,"province":null,"serial_number":null,"street_address":null}],"uris":null,"validity_period_hours":100},"after_unknown":{"allowed_uses":[false,false,false],"cert_pem":true,"id":true,"subject":[{}],"validity_end_time":true,"validity_start_time":true}}}],"configuration":{"provider_config":{"google":{"name":"google","expressions":{"project":{"constant_value":"dev-for-tests"},"region":{"constant_value":"us-west1"}}}},"root_module":{"resources":[{"address":"google_compute_backend_service.test","mode":"managed","type":"google_compute_backend_service","name":"test","provider_config_key":"google","expressions":{"name":{"constant_value":"test-backend-service"},"protocol":{"constant_value":"SSL"},"timeout_sec":{"constant_value":10}},"schema_version":1,"raw_data":{"FileName":"main.tf","StartLine":34,"EndLine":38}},{"address":"google_compute_global_forwarding_rule.default","mode":"managed","type":"google_compute_global_forwarding_rule","name":"default","provider_config_key":"google","expressions":{"ip_protocol":{"constant_value":"TCP"},"load_balancing_scheme":{"constant_value":"EXTERNAL"},"name":{"constant_value":"test-global-forwarding-rule"},"port_range":{"constant_value":"443"},"target":{"references":["google_compute_target_ssl_proxy.test"]}},"schema_version":0,"raw_data":{"FileName":"main.tf","StartLine":53,"EndLine":59}},{"address":"google_compute_ssl_certificate.test","mode":"managed","type":"google_compute_ssl_certificate","name":"test","provider_config_key":"google","expressions":{"certificate":{"references":["tls_self_signed_cert.test"]},"name":{"constant_value":"my-certificate"},"private_key":{"references":["tls_private_key.test"]}},"schema_version":0,"raw_data":{"FileName":"main.tf","StartLine":28,"EndLine":32}},{"address":"google_compute_ssl_policy.test","mode":"managed","type":"google_compute_ssl_policy","name":"test","provider_config_key":"google","expressions":{"min_tls_version":{"constant_value":"TLS_1_2"},"name":{"constant_value":"test-ssl-policy"},"profile":{"constant_value":"MODERN"}},"schema_version":0,"raw_data":{"FileName":"main.tf","StartLine":40,"EndLine":44}},{"address":"google_compute_target_ssl_proxy.test","mode":"managed","type":"google_compute_target_ssl_proxy","name":"test","provider_config_key":"google","expressions":{"backend_service":{"references":["google_compute_backend_service.test"]},"name":{"constant_value":"test-ssl-proxy"},"ssl_certificates":{"references":["google_compute_ssl_certificate.test"]},"ssl_policy":{"references":["google_compute_ssl_policy.test"]}},"schema_version":0,"raw_data":{"FileName":"main.tf","StartLine":46,"EndLine":51}},{"address":"tls_private_key.test","mode":"managed","type":"tls_private_key","name":"test","provider_config_key":"tls","expressions":{"algorithm":{"constant_value":"RSA"}},"schema_version":0,"raw_data":{"FileName":"main.tf","StartLine":6,"EndLine":8}},{"address":"tls_self_signed_cert.test","mode":"managed","type":"tls_self_signed_cert","name":"test","provider_config_key":"tls","expressions":{"allowed_uses":{"constant_value":["key_encipherment","digital_signature","server_auth"]},"key_algorithm":{"constant_value":"RSA"},"private_key_pem":{"references":["tls_private_key.test"]},"subject":[{"common_name":{"constant_value":"example.com"},"organization":{"constant_value":"ACME Examples, Inc"}}],"validity_period_hours":{"constant_value":100}},"schema_version":0,"raw_data":{"FileName":"main.tf","StartLine":10,"EndLine":26}}]}}}
