{"format_version":"0.1","terraform_version":"0.14.4","planned_values":{"root_module":{"resources":[{"address":"aws_neptune_cluster.test","mode":"managed","type":"aws_neptune_cluster","name":"test","provider_name":"registry.terraform.io/hashicorp/aws","schema_version":0,"values":{"apply_immediately":true,"backup_retention_period":1,"cluster_identifier":"cloudrail-test-encrypted","deletion_protection":null,"enable_cloudwatch_logs_exports":null,"engine":"neptune","final_snapshot_identifier":null,"iam_database_authentication_enabled":null,"iam_roles":null,"kms_key_arn":"arn:aws:kms:us-east-1:115553109071:key/ad3df9ed-bc05-4a41-8527-4a1065d1f7cf","neptune_cluster_parameter_group_name":"default.neptune1","port":8182,"replication_source_identifier":null,"skip_final_snapshot":true,"snapshot_identifier":null,"storage_encrypted":true,"tags":null,"timeouts":null}}]}},"resource_changes":[{"address":"aws_neptune_cluster.test","mode":"managed","type":"aws_neptune_cluster","name":"test","provider_name":"registry.terraform.io/hashicorp/aws","change":{"actions":["create"],"before":null,"after":{"apply_immediately":true,"backup_retention_period":1,"cluster_identifier":"cloudrail-test-encrypted","deletion_protection":null,"enable_cloudwatch_logs_exports":null,"engine":"neptune","final_snapshot_identifier":null,"iam_database_authentication_enabled":null,"iam_roles":null,"kms_key_arn":"arn:aws:kms:us-east-1:115553109071:key/ad3df9ed-bc05-4a41-8527-4a1065d1f7cf","neptune_cluster_parameter_group_name":"default.neptune1","port":8182,"replication_source_identifier":null,"skip_final_snapshot":true,"snapshot_identifier":null,"storage_encrypted":true,"tags":null,"timeouts":null},"after_unknown":{"arn":true,"availability_zones":true,"cluster_identifier_prefix":true,"cluster_members":true,"cluster_resource_id":true,"endpoint":true,"engine_version":true,"hosted_zone_id":true,"id":true,"neptune_subnet_group_name":true,"preferred_backup_window":true,"preferred_maintenance_window":true,"reader_endpoint":true,"vpc_security_group_ids":true}}}],"prior_state":{"format_version":"0.1","terraform_version":"0.14.4","values":{"root_module":{"resources":[{"address":"data.aws_kms_key.by_alias","mode":"data","type":"aws_kms_key","name":"by_alias","provider_name":"registry.terraform.io/hashicorp/aws","schema_version":0,"values":{"arn":"arn:aws:kms:us-east-1:115553109071:key/ad3df9ed-bc05-4a41-8527-4a1065d1f7cf","aws_account_id":"115553109071","creation_date":"2021-01-18T09:51:59Z","customer_master_key_spec":"SYMMETRIC_DEFAULT","deletion_date":null,"description":"KMS key for RDS","enabled":true,"expiration_model":"","grant_tokens":null,"id":"ad3df9ed-bc05-4a41-8527-4a1065d1f7cf","key_id":"alias/test-rds","key_manager":"CUSTOMER","key_state":"Enabled","key_usage":"ENCRYPT_DECRYPT","origin":"AWS_KMS","valid_to":null}}]}}},"configuration":{"provider_config":{"aws":{"name":"aws","expressions":{"region":{"constant_value":"us-east-1"}}}},"root_module":{"resources":[{"address":"aws_neptune_cluster.test","mode":"managed","type":"aws_neptune_cluster","name":"test","provider_config_key":"aws","expressions":{"apply_immediately":{"constant_value":true},"cluster_identifier":{"constant_value":"cloudrail-test-encrypted"},"engine":{"constant_value":"neptune"},"kms_key_arn":{"references":["data.aws_kms_key.by_alias"]},"skip_final_snapshot":{"constant_value":true},"storage_encrypted":{"constant_value":true}},"schema_version":0},{"address":"data.aws_kms_key.by_alias","mode":"data","type":"aws_kms_key","name":"by_alias","provider_config_key":"aws","expressions":{"key_id":{"constant_value":"alias/test-rds"}},"schema_version":0}]}}}
