{"format_version":"0.1","terraform_version":"0.13.4","planned_values":{"root_module":{"resources":[{"address":"aws_iam_role.test","mode":"managed","type":"aws_iam_role","name":"test","provider_name":"registry.terraform.io/hashicorp/aws","schema_version":0,"values":{"assume_role_policy":"{\n\"Version\": \"2012-10-17\",\n\"Statement\": [\n    {\n    \"Action\": \"sts:AssumeRole\",\n    \"Principal\": {\n        \"Service\": \"lambda.amazonaws.com\"\n    },\n    \"Effect\": \"Allow\",\n    \"Sid\": \"\"\n    }\n]\n}\n","description":null,"force_detach_policies":false,"inline_policy":[],"max_session_duration":3600,"name":"cloudrail-test-iam_for_lambda","name_prefix":null,"path":"/","permissions_boundary":null,"tags":null}},{"address":"aws_lambda_function.test","mode":"managed","type":"aws_lambda_function","name":"test","provider_name":"registry.terraform.io/hashicorp/aws","schema_version":0,"values":{"code_signing_config_arn":null,"dead_letter_config":[],"description":null,"environment":[{"variables":{"foo":"bar"}}],"file_system_config":[],"filename":"./example_lambda_code/golang-example.zip","function_name":"golang-example","handler":"main","image_config":[],"image_uri":null,"kms_key_arn":null,"layers":null,"memory_size":128,"package_type":"Zip","publish":false,"reserved_concurrent_executions":-1,"role":"aws_iam_role.test.arn","runtime":"go1.x","s3_bucket":null,"s3_key":null,"s3_object_version":null,"tags":null,"timeout":3,"timeouts":null,"tracing_config":[{"mode":"Active"}],"vpc_config":[]}}]}},"resource_changes":[{"address":"aws_iam_role.test","mode":"managed","type":"aws_iam_role","name":"test","provider_name":"registry.terraform.io/hashicorp/aws","change":{"actions":["create"],"before":null,"after":{"assume_role_policy":"{\n\"Version\": \"2012-10-17\",\n\"Statement\": [\n    {\n    \"Action\": \"sts:AssumeRole\",\n    \"Principal\": {\n        \"Service\": \"lambda.amazonaws.com\"\n    },\n    \"Effect\": \"Allow\",\n    \"Sid\": \"\"\n    }\n]\n}\n","description":null,"force_detach_policies":false,"inline_policy":[],"max_session_duration":3600,"name":"cloudrail-test-iam_for_lambda","name_prefix":null,"path":"/","permissions_boundary":null,"tags":null},"after_unknown":{"arn":true,"create_date":true,"id":true,"inline_policy":[],"managed_policy_arns":true,"tags_all":true,"unique_id":true}}},{"address":"aws_lambda_function.test","mode":"managed","type":"aws_lambda_function","name":"test","provider_name":"registry.terraform.io/hashicorp/aws","change":{"actions":["create"],"before":null,"after":{"code_signing_config_arn":null,"dead_letter_config":[],"description":null,"environment":[{"variables":{"foo":"bar"}}],"file_system_config":[],"filename":"./example_lambda_code/golang-example.zip","function_name":"golang-example","handler":"main","image_config":[],"image_uri":null,"kms_key_arn":null,"layers":null,"memory_size":128,"package_type":"Zip","publish":false,"reserved_concurrent_executions":-1,"role":"aws_iam_role.test.arn","runtime":"go1.x","s3_bucket":null,"s3_key":null,"s3_object_version":null,"tags":null,"timeout":3,"timeouts":null,"tracing_config":[{"mode":"Active"}],"vpc_config":[]},"after_unknown":{"arn":true,"dead_letter_config":[],"environment":[{"variables":{}}],"file_system_config":[],"id":true,"image_config":[],"invoke_arn":true,"last_modified":true,"qualified_arn":true,"signing_job_arn":true,"signing_profile_version_arn":true,"source_code_hash":true,"source_code_size":true,"tags_all":true,"tracing_config":[{}],"version":true,"vpc_config":[]}}}],"configuration":{"provider_config":{"aws":{"name":"aws","expressions":{"region":{"constant_value":"us-east-1"}}}},"root_module":{"resources":[{"address":"aws_iam_role.test","mode":"managed","type":"aws_iam_role","name":"test","provider_config_key":"aws","expressions":{"assume_role_policy":{"constant_value":"{\n\"Version\": \"2012-10-17\",\n\"Statement\": [\n    {\n    \"Action\": \"sts:AssumeRole\",\n    \"Principal\": {\n        \"Service\": \"lambda.amazonaws.com\"\n    },\n    \"Effect\": \"Allow\",\n    \"Sid\": \"\"\n    }\n]\n}\n"},"name":{"constant_value":"cloudrail-test-iam_for_lambda"}},"schema_version":0,"raw_data":{"FileName":"main.tf","StartLine":5,"EndLine":23}},{"address":"aws_lambda_function.test","mode":"managed","type":"aws_lambda_function","name":"test","provider_config_key":"aws","expressions":{"environment":[{"variables":{"constant_value":{"foo":"bar"}}}],"filename":{"references":["path.module"]},"function_name":{"constant_value":"golang-example"},"handler":{"constant_value":"main"},"role":{"references":["aws_iam_role.test"]},"runtime":{"constant_value":"go1.x"},"source_code_hash":{"references":["path.module"]},"tracing_config":[{"mode":{"constant_value":"Active"}}]},"schema_version":0,"raw_data":{"FileName":"main.tf","StartLine":25,"EndLine":42}}]}}}
