{"format_version":"0.1","terraform_version":"0.12.29","planned_values":{"root_module":{"resources":[{"address":"aws_sns_topic.cloudrail_1","mode":"managed","type":"aws_sns_topic","name":"cloudrail_1","provider_name":"aws","schema_version":0,"values":{"application_failure_feedback_role_arn":null,"application_success_feedback_role_arn":null,"application_success_feedback_sample_rate":null,"delivery_policy":null,"display_name":null,"http_failure_feedback_role_arn":null,"http_success_feedback_role_arn":null,"http_success_feedback_sample_rate":null,"kms_master_key_id":null,"lambda_failure_feedback_role_arn":null,"lambda_success_feedback_role_arn":null,"lambda_success_feedback_sample_rate":null,"name":"sns_not_ecnrypted-1","name_prefix":null,"sqs_failure_feedback_role_arn":null,"sqs_success_feedback_role_arn":null,"sqs_success_feedback_sample_rate":null,"tags":null}},{"address":"aws_sqs_queue.cloudrail","mode":"managed","type":"aws_sqs_queue","name":"cloudrail","provider_name":"aws","schema_version":0,"values":{"content_based_deduplication":false,"delay_seconds":0,"fifo_queue":false,"kms_master_key_id":null,"max_message_size":262144,"message_retention_seconds":345600,"name":"sqs_non_encrypted","name_prefix":null,"receive_wait_time_seconds":0,"redrive_policy":null,"tags":null,"visibility_timeout_seconds":30}}]}},"resource_changes":[{"address":"aws_sns_topic.cloudrail_1","mode":"managed","type":"aws_sns_topic","name":"cloudrail_1","provider_name":"aws","change":{"actions":["create"],"before":null,"after":{"application_failure_feedback_role_arn":null,"application_success_feedback_role_arn":null,"application_success_feedback_sample_rate":null,"delivery_policy":null,"display_name":null,"http_failure_feedback_role_arn":null,"http_success_feedback_role_arn":null,"http_success_feedback_sample_rate":null,"kms_master_key_id":null,"lambda_failure_feedback_role_arn":null,"lambda_success_feedback_role_arn":null,"lambda_success_feedback_sample_rate":null,"name":"sns_not_ecnrypted-1","name_prefix":null,"sqs_failure_feedback_role_arn":null,"sqs_success_feedback_role_arn":null,"sqs_success_feedback_sample_rate":null,"tags":null},"after_unknown":{"arn":true,"id":true,"policy":true}}},{"address":"aws_sqs_queue.cloudrail","mode":"managed","type":"aws_sqs_queue","name":"cloudrail","provider_name":"aws","change":{"actions":["create"],"before":null,"after":{"content_based_deduplication":false,"delay_seconds":0,"fifo_queue":false,"kms_master_key_id":null,"max_message_size":262144,"message_retention_seconds":345600,"name":"sqs_non_encrypted","name_prefix":null,"receive_wait_time_seconds":0,"redrive_policy":null,"tags":null,"visibility_timeout_seconds":30},"after_unknown":{"arn":true,"id":true,"kms_data_key_reuse_period_seconds":true,"policy":true}}}],"configuration":{"provider_config":{"aws":{"name":"aws","expressions":{"region":{"constant_value":"us-east-1"}}}},"root_module":{"resources":[{"address":"aws_sns_topic.cloudrail_1","mode":"managed","type":"aws_sns_topic","name":"cloudrail_1","provider_config_key":"aws","expressions":{"name":{"constant_value":"sns_not_ecnrypted-1"}},"schema_version":0,"raw_data":{"FileName":"main.tf","StartLine":5,"EndLine":7}},{"address":"aws_sqs_queue.cloudrail","mode":"managed","type":"aws_sqs_queue","name":"cloudrail","provider_config_key":"aws","expressions":{"name":{"constant_value":"sqs_non_encrypted"}},"schema_version":0,"raw_data":{"FileName":"main.tf","StartLine":9,"EndLine":11}}]}}}
