{"format_version":"0.1","terraform_version":"0.13.4","planned_values":{"root_module":{"resources":[{"address":"aws_kms_key.testing-tags","mode":"managed","type":"aws_kms_key","name":"testing-tags","provider_name":"registry.terraform.io/hashicorp/aws","schema_version":0,"values":{"customer_master_key_spec":"SYMMETRIC_DEFAULT","deletion_window_in_days":7,"description":"KMS key for testing cloudrail tags","enable_key_rotation":false,"is_enabled":true,"key_usage":"ENCRYPT_DECRYPT","tags":{"Env":"Cloudrail Rocks","Name":"testing-tags"},"tags_all":{"Env":"Cloudrail Rocks","Name":"testing-tags"}}}]}},"resource_changes":[{"address":"aws_kms_key.testing-tags","mode":"managed","type":"aws_kms_key","name":"testing-tags","provider_name":"registry.terraform.io/hashicorp/aws","change":{"actions":["create"],"before":null,"after":{"customer_master_key_spec":"SYMMETRIC_DEFAULT","deletion_window_in_days":7,"description":"KMS key for testing cloudrail tags","enable_key_rotation":false,"is_enabled":true,"key_usage":"ENCRYPT_DECRYPT","tags":{"Env":"Cloudrail Rocks","Name":"testing-tags"},"tags_all":{"Env":"Cloudrail Rocks","Name":"testing-tags"}},"after_unknown":{"arn":true,"id":true,"key_id":true,"policy":true,"tags":{},"tags_all":{}}}}],"configuration":{"provider_config":{"aws":{"name":"aws","expressions":{"region":{"constant_value":"us-east-1"}}}},"root_module":{"resources":[{"address":"aws_kms_key.testing-tags","mode":"managed","type":"aws_kms_key","name":"testing-tags","provider_config_key":"aws","expressions":{"deletion_window_in_days":{"constant_value":7},"description":{"constant_value":"KMS key for testing cloudrail tags"},"tags":{"constant_value":{"Env":"Cloudrail Rocks","Name":"testing-tags"}}},"schema_version":0,"raw_data":{"FileName":"main.tf","StartLine":3,"EndLine":10}}]}}}
