{"format_version":"0.1","terraform_version":"0.14.6","planned_values":{"root_module":{"resources":[{"address":"azurerm_network_interface.nic","mode":"managed","type":"azurerm_network_interface","name":"nic","provider_name":"registry.terraform.io/hashicorp/azurerm","schema_version":0,"values":{"enable_accelerated_networking":false,"enable_ip_forwarding":false,"ip_configuration":[{"name":"testconfiguration1","private_ip_address_allocation":"dynamic","private_ip_address_version":"IPv4","public_ip_address_id":null,"subnet_id":"azurerm_subnet.snet.id"}],"location":"westeurope","name":"cr2340-nic","resource_group_name":"cr2340-RG","tags":null,"timeouts":null}},{"address":"azurerm_resource_group.rg","mode":"managed","type":"azurerm_resource_group","name":"rg","provider_name":"registry.terraform.io/hashicorp/azurerm","schema_version":0,"values":{"location":"westeurope","name":"cr2340-RG","tags":null,"timeouts":null}},{"address":"azurerm_storage_account.storacc","mode":"managed","type":"azurerm_storage_account","name":"storacc","provider_name":"registry.terraform.io/hashicorp/azurerm","schema_version":2,"values":{"account_kind":"StorageV2","account_replication_type":"LRS","account_tier":"Standard","allow_blob_public_access":false,"azure_files_authentication":[],"custom_domain":[],"enable_https_traffic_only":true,"is_hns_enabled":false,"location":"westeurope","min_tls_version":"TLS1_0","name":"cr2340tstsa","nfsv3_enabled":false,"resource_group_name":"cr2340-RG","static_website":[],"tags":null,"timeouts":null}},{"address":"azurerm_storage_container.container","mode":"managed","type":"azurerm_storage_container","name":"container","provider_name":"registry.terraform.io/hashicorp/azurerm","schema_version":1,"values":{"container_access_type":"private","name":"vhds","storage_account_name":"cr2340tstsa","timeouts":null}},{"address":"azurerm_subnet.snet","mode":"managed","type":"azurerm_subnet","name":"snet","provider_name":"registry.terraform.io/hashicorp/azurerm","schema_version":0,"values":{"address_prefixes":["10.0.2.0/24"],"delegation":[],"enforce_private_link_endpoint_network_policies":false,"enforce_private_link_service_network_policies":false,"name":"cr2340-snet","resource_group_name":"cr2340-RG","service_endpoint_policy_ids":null,"service_endpoints":null,"timeouts":null,"virtual_network_name":"cr2340-vnet"}},{"address":"azurerm_virtual_machine.main","mode":"managed","type":"azurerm_virtual_machine","name":"main","provider_name":"registry.terraform.io/hashicorp/azurerm","schema_version":0,"values":{"additional_capabilities":[],"boot_diagnostics":[],"delete_data_disks_on_termination":true,"delete_os_disk_on_termination":true,"location":"westeurope","name":"cr2340-vm","network_interface_ids":["azurerm_network_interface.nic.id"],"os_profile":[{"admin_password":"Password1234!","admin_username":"testadmin","computer_name":"hostname"}],"os_profile_linux_config":[{"disable_password_authentication":false,"ssh_keys":[]}],"os_profile_secrets":[],"os_profile_windows_config":[],"plan":[],"primary_network_interface_id":null,"proximity_placement_group_id":null,"resource_group_name":"cr2340-RG","storage_image_reference":[{"id":"","offer":"UbuntuServer","publisher":"Canonical","sku":"16.04-LTS","version":"latest"}],"storage_os_disk":[{"caching":"ReadWrite","create_option":"FromImage","image_uri":null,"name":"myosdisk1","vhd_uri":"azurerm_storage_account.storacc.primary_blob_endpointvhds/myosdisk1.vhd","write_accelerator_enabled":false}],"tags":null,"timeouts":null,"vm_size":"Standard_B2s","zones":null}},{"address":"azurerm_virtual_network.vnet","mode":"managed","type":"azurerm_virtual_network","name":"vnet","provider_name":"registry.terraform.io/hashicorp/azurerm","schema_version":0,"values":{"address_space":["10.0.0.0/16"],"bgp_community":null,"ddos_protection_plan":[],"location":"westeurope","name":"cr2340-vnet","resource_group_name":"cr2340-RG","tags":null,"timeouts":null,"vm_protection_enabled":false}}]}},"resource_changes":[{"address":"azurerm_network_interface.nic","mode":"managed","type":"azurerm_network_interface","name":"nic","provider_name":"registry.terraform.io/hashicorp/azurerm","change":{"actions":["create"],"before":null,"after":{"enable_accelerated_networking":false,"enable_ip_forwarding":false,"ip_configuration":[{"name":"testconfiguration1","private_ip_address_allocation":"dynamic","private_ip_address_version":"IPv4","public_ip_address_id":null,"subnet_id":"azurerm_subnet.snet.id"}],"location":"westeurope","name":"cr2340-nic","resource_group_name":"cr2340-RG","tags":null,"timeouts":null},"after_unknown":{"applied_dns_servers":true,"dns_servers":true,"id":true,"internal_dns_name_label":true,"internal_domain_name_suffix":true,"ip_configuration":[{"primary":true,"private_ip_address":true}],"mac_address":true,"private_ip_address":true,"private_ip_addresses":true,"virtual_machine_id":true}}},{"address":"azurerm_resource_group.rg","mode":"managed","type":"azurerm_resource_group","name":"rg","provider_name":"registry.terraform.io/hashicorp/azurerm","change":{"actions":["create"],"before":null,"after":{"location":"westeurope","name":"cr2340-RG","tags":null,"timeouts":null},"after_unknown":{"id":true}}},{"address":"azurerm_storage_account.storacc","mode":"managed","type":"azurerm_storage_account","name":"storacc","provider_name":"registry.terraform.io/hashicorp/azurerm","change":{"actions":["create"],"before":null,"after":{"account_kind":"StorageV2","account_replication_type":"LRS","account_tier":"Standard","allow_blob_public_access":false,"azure_files_authentication":[],"custom_domain":[],"enable_https_traffic_only":true,"is_hns_enabled":false,"location":"westeurope","min_tls_version":"TLS1_0","name":"cr2340tstsa","nfsv3_enabled":false,"resource_group_name":"cr2340-RG","static_website":[],"tags":null,"timeouts":null},"after_unknown":{"access_tier":true,"azure_files_authentication":[],"blob_properties":true,"custom_domain":[],"id":true,"identity":true,"large_file_share_enabled":true,"network_rules":true,"primary_access_key":true,"primary_blob_connection_string":true,"primary_blob_endpoint":true,"primary_blob_host":true,"primary_connection_string":true,"primary_dfs_endpoint":true,"primary_dfs_host":true,"primary_file_endpoint":true,"primary_file_host":true,"primary_location":true,"primary_queue_endpoint":true,"primary_queue_host":true,"primary_table_endpoint":true,"primary_table_host":true,"primary_web_endpoint":true,"primary_web_host":true,"queue_properties":true,"routing":true,"secondary_access_key":true,"secondary_blob_connection_string":true,"secondary_blob_endpoint":true,"secondary_blob_host":true,"secondary_connection_string":true,"secondary_dfs_endpoint":true,"secondary_dfs_host":true,"secondary_file_endpoint":true,"secondary_file_host":true,"secondary_location":true,"secondary_queue_endpoint":true,"secondary_queue_host":true,"secondary_table_endpoint":true,"secondary_table_host":true,"secondary_web_endpoint":true,"secondary_web_host":true,"share_properties":true,"static_website":[]}}},{"address":"azurerm_storage_container.container","mode":"managed","type":"azurerm_storage_container","name":"container","provider_name":"registry.terraform.io/hashicorp/azurerm","change":{"actions":["create"],"before":null,"after":{"container_access_type":"private","name":"vhds","storage_account_name":"cr2340tstsa","timeouts":null},"after_unknown":{"has_immutability_policy":true,"has_legal_hold":true,"id":true,"metadata":true,"resource_manager_id":true}}},{"address":"azurerm_subnet.snet","mode":"managed","type":"azurerm_subnet","name":"snet","provider_name":"registry.terraform.io/hashicorp/azurerm","change":{"actions":["create"],"before":null,"after":{"address_prefixes":["10.0.2.0/24"],"delegation":[],"enforce_private_link_endpoint_network_policies":false,"enforce_private_link_service_network_policies":false,"name":"cr2340-snet","resource_group_name":"cr2340-RG","service_endpoint_policy_ids":null,"service_endpoints":null,"timeouts":null,"virtual_network_name":"cr2340-vnet"},"after_unknown":{"address_prefix":true,"address_prefixes":[false],"delegation":[],"id":true}}},{"address":"azurerm_virtual_machine.main","mode":"managed","type":"azurerm_virtual_machine","name":"main","provider_name":"registry.terraform.io/hashicorp/azurerm","change":{"actions":["create"],"before":null,"after":{"additional_capabilities":[],"boot_diagnostics":[],"delete_data_disks_on_termination":true,"delete_os_disk_on_termination":true,"location":"westeurope","name":"cr2340-vm","network_interface_ids":["azurerm_network_interface.nic.id"],"os_profile":[{"admin_password":"Password1234!","admin_username":"testadmin","computer_name":"hostname"}],"os_profile_linux_config":[{"disable_password_authentication":false,"ssh_keys":[]}],"os_profile_secrets":[],"os_profile_windows_config":[],"plan":[],"primary_network_interface_id":null,"proximity_placement_group_id":null,"resource_group_name":"cr2340-RG","storage_image_reference":[{"id":"","offer":"UbuntuServer","publisher":"Canonical","sku":"16.04-LTS","version":"latest"}],"storage_os_disk":[{"caching":"ReadWrite","create_option":"FromImage","image_uri":null,"name":"myosdisk1","vhd_uri":"azurerm_storage_account.storacc.primary_blob_endpointvhds/myosdisk1.vhd","write_accelerator_enabled":false}],"tags":null,"timeouts":null,"vm_size":"Standard_B2s","zones":null},"after_unknown":{"additional_capabilities":[],"availability_set_id":true,"boot_diagnostics":[],"id":true,"identity":true,"license_type":true,"network_interface_ids":[false],"os_profile":[{"custom_data":true}],"os_profile_linux_config":[{"ssh_keys":[]}],"os_profile_secrets":[],"os_profile_windows_config":[],"plan":[],"storage_data_disk":true,"storage_image_reference":[{}],"storage_os_disk":[{"disk_size_gb":true,"managed_disk_id":true,"managed_disk_type":true,"os_type":true}]}}},{"address":"azurerm_virtual_network.vnet","mode":"managed","type":"azurerm_virtual_network","name":"vnet","provider_name":"registry.terraform.io/hashicorp/azurerm","change":{"actions":["create"],"before":null,"after":{"address_space":["10.0.0.0/16"],"bgp_community":null,"ddos_protection_plan":[],"location":"westeurope","name":"cr2340-vnet","resource_group_name":"cr2340-RG","tags":null,"timeouts":null,"vm_protection_enabled":false},"after_unknown":{"address_space":[false],"ddos_protection_plan":[],"dns_servers":true,"guid":true,"id":true,"subnet":true}}}],"configuration":{"provider_config":{"azurerm":{"name":"azurerm","expressions":{"features":[{}]}}},"root_module":{"resources":[{"address":"azurerm_network_interface.nic","mode":"managed","type":"azurerm_network_interface","name":"nic","provider_config_key":"azurerm","expressions":{"ip_configuration":[{"name":{"constant_value":"testconfiguration1"},"private_ip_address_allocation":{"constant_value":"Dynamic"},"subnet_id":{"references":["azurerm_subnet.snet"]}}],"location":{"references":["azurerm_resource_group.rg"]},"name":{"references":["local.resource_prefix"]},"resource_group_name":{"references":["azurerm_resource_group.rg"]}},"schema_version":0,"raw_data":{"FileName":"main.tf","StartLine":27,"EndLine":37}},{"address":"azurerm_resource_group.rg","mode":"managed","type":"azurerm_resource_group","name":"rg","provider_config_key":"azurerm","expressions":{"location":{"constant_value":"West Europe"},"name":{"references":["local.resource_prefix"]}},"schema_version":0,"raw_data":{"FileName":"main.tf","StartLine":7,"EndLine":10}},{"address":"azurerm_storage_account.storacc","mode":"managed","type":"azurerm_storage_account","name":"storacc","provider_config_key":"azurerm","expressions":{"account_replication_type":{"constant_value":"LRS"},"account_tier":{"constant_value":"Standard"},"location":{"references":["azurerm_resource_group.rg"]},"name":{"references":["local.resource_prefix"]},"resource_group_name":{"references":["azurerm_resource_group.rg"]}},"schema_version":2,"raw_data":{"FileName":"main.tf","StartLine":39,"EndLine":45}},{"address":"azurerm_storage_container.container","mode":"managed","type":"azurerm_storage_container","name":"container","provider_config_key":"azurerm","expressions":{"container_access_type":{"constant_value":"private"},"name":{"constant_value":"vhds"},"storage_account_name":{"references":["azurerm_storage_account.storacc"]}},"schema_version":1,"raw_data":{"FileName":"main.tf","StartLine":47,"EndLine":51}},{"address":"azurerm_subnet.snet","mode":"managed","type":"azurerm_subnet","name":"snet","provider_config_key":"azurerm","expressions":{"address_prefixes":{"constant_value":["10.0.2.0/24"]},"name":{"references":["local.resource_prefix"]},"resource_group_name":{"references":["azurerm_resource_group.rg"]},"virtual_network_name":{"references":["azurerm_virtual_network.vnet"]}},"schema_version":0,"raw_data":{"FileName":"main.tf","StartLine":20,"EndLine":25}},{"address":"azurerm_virtual_machine.main","mode":"managed","type":"azurerm_virtual_machine","name":"main","provider_config_key":"azurerm","expressions":{"delete_data_disks_on_termination":{"constant_value":true},"delete_os_disk_on_termination":{"constant_value":true},"location":{"references":["azurerm_resource_group.rg"]},"name":{"references":["local.resource_prefix"]},"network_interface_ids":{"references":["azurerm_network_interface.nic"]},"os_profile":[{"admin_password":{"constant_value":"Password1234!"},"admin_username":{"constant_value":"testadmin"},"computer_name":{"constant_value":"hostname"}}],"os_profile_linux_config":[{"disable_password_authentication":{"constant_value":false}}],"resource_group_name":{"references":["azurerm_resource_group.rg"]},"storage_image_reference":[{"offer":{"constant_value":"UbuntuServer"},"publisher":{"constant_value":"Canonical"},"sku":{"constant_value":"16.04-LTS"},"version":{"constant_value":"latest"}}],"storage_os_disk":[{"caching":{"constant_value":"ReadWrite"},"create_option":{"constant_value":"FromImage"},"name":{"constant_value":"myosdisk1"},"vhd_uri":{"references":["azurerm_storage_account.storacc","azurerm_storage_container.container"]}}],"vm_size":{"constant_value":"Standard_B2s"}},"schema_version":0,"raw_data":{"FileName":"main.tf","StartLine":53,"EndLine":83}},{"address":"azurerm_virtual_network.vnet","mode":"managed","type":"azurerm_virtual_network","name":"vnet","provider_config_key":"azurerm","expressions":{"address_space":{"constant_value":["10.0.0.0/16"]},"location":{"references":["azurerm_resource_group.rg"]},"name":{"references":["local.resource_prefix"]},"resource_group_name":{"references":["azurerm_resource_group.rg"]}},"schema_version":0,"raw_data":{"FileName":"main.tf","StartLine":13,"EndLine":18}}]}}}
