{"format_version":"0.1","terraform_version":"0.12.29","planned_values":{"root_module":{"resources":[{"address":"aws_docdb_cluster.test0","mode":"managed","type":"aws_docdb_cluster","name":"test0","provider_name":"aws","schema_version":0,"values":{"backup_retention_period":1,"cluster_identifier":"my-docdb-cluster-test0","deletion_protection":null,"enabled_cloudwatch_logs_exports":null,"engine":"docdb","final_snapshot_identifier":null,"kms_key_id":"arn:aws:kms:us-east-1:115553109071:key/7bce0a7f-18c9-4d6c-9c48-9d684a407c0c","master_password":"mustbeeightchars","master_username":"foo","port":27017,"skip_final_snapshot":true,"snapshot_identifier":null,"storage_encrypted":true,"tags":null,"timeouts":null}}]}},"resource_changes":[{"address":"aws_docdb_cluster.test0","mode":"managed","type":"aws_docdb_cluster","name":"test0","provider_name":"aws","change":{"actions":["create"],"before":null,"after":{"backup_retention_period":1,"cluster_identifier":"my-docdb-cluster-test0","deletion_protection":null,"enabled_cloudwatch_logs_exports":null,"engine":"docdb","final_snapshot_identifier":null,"kms_key_id":"arn:aws:kms:us-east-1:115553109071:key/7bce0a7f-18c9-4d6c-9c48-9d684a407c0c","master_password":"mustbeeightchars","master_username":"foo","port":27017,"skip_final_snapshot":true,"snapshot_identifier":null,"storage_encrypted":true,"tags":null,"timeouts":null},"after_unknown":{"apply_immediately":true,"arn":true,"availability_zones":true,"cluster_identifier_prefix":true,"cluster_members":true,"cluster_resource_id":true,"db_cluster_parameter_group_name":true,"db_subnet_group_name":true,"endpoint":true,"engine_version":true,"hosted_zone_id":true,"id":true,"preferred_backup_window":true,"preferred_maintenance_window":true,"reader_endpoint":true,"vpc_security_group_ids":true}}}],"prior_state":{"format_version":"0.1","terraform_version":"0.12.29","values":{"root_module":{"resources":[{"address":"data.aws_kms_key.test","mode":"data","type":"aws_kms_key","name":"test","provider_name":"aws","schema_version":0,"values":{"arn":"arn:aws:kms:us-east-1:115553109071:key/7bce0a7f-18c9-4d6c-9c48-9d684a407c0c","aws_account_id":"115553109071","creation_date":"2021-01-16T18:41:48Z","customer_master_key_spec":"SYMMETRIC_DEFAULT","deletion_date":null,"description":"KMS key for DocDB","enabled":true,"expiration_model":"","grant_tokens":null,"id":"7bce0a7f-18c9-4d6c-9c48-9d684a407c0c","key_id":"alias/docdb","key_manager":"CUSTOMER","key_state":"Enabled","key_usage":"ENCRYPT_DECRYPT","origin":"AWS_KMS","valid_to":null}}]}}},"configuration":{"provider_config":{"aws":{"name":"aws","expressions":{"region":{"constant_value":"us-east-1"}}}},"root_module":{"resources":[{"address":"aws_docdb_cluster.test0","mode":"managed","type":"aws_docdb_cluster","name":"test0","provider_config_key":"aws","expressions":{"cluster_identifier":{"constant_value":"my-docdb-cluster-test0"},"engine":{"constant_value":"docdb"},"kms_key_id":{"references":["data.aws_kms_key.test"]},"master_password":{"constant_value":"mustbeeightchars"},"master_username":{"constant_value":"foo"},"skip_final_snapshot":{"constant_value":true},"storage_encrypted":{"constant_value":true}},"schema_version":0,"raw_data":{"FileName":"main.tf","StartLine":9,"EndLine":17}},{"address":"data.aws_kms_key.test","mode":"data","type":"aws_kms_key","name":"test","provider_config_key":"aws","expressions":{"key_id":{"constant_value":"alias/docdb"}},"schema_version":0,"raw_data":{"FileName":"main.tf","StartLine":5,"EndLine":7}}]}}}
