{"format_version":"0.1","terraform_version":"0.13.4","planned_values":{"root_module":{"resources":[{"address":"aws_efs_file_system.cloudrail","mode":"managed","type":"aws_efs_file_system","name":"cloudrail","provider_name":"registry.terraform.io/hashicorp/aws","schema_version":0,"values":{"creation_token":"cloudrail-encrypted","encrypted":true,"lifecycle_policy":[],"provisioned_throughput_in_mibps":null,"tags":{"Name":"Encrypted"},"tags_all":{"Name":"Encrypted"},"throughput_mode":"bursting"}},{"address":"aws_efs_mount_target.alpha","mode":"managed","type":"aws_efs_mount_target","name":"alpha","provider_name":"registry.terraform.io/hashicorp/aws","schema_version":0,"values":{"file_system_id":"aws_efs_file_system.cloudrail.id","subnet_id":"aws_subnet.alpha.id"}},{"address":"aws_subnet.alpha","mode":"managed","type":"aws_subnet","name":"alpha","provider_name":"registry.terraform.io/hashicorp/aws","schema_version":1,"values":{"assign_ipv6_address_on_creation":false,"availability_zone":"us-east-1a","cidr_block":"10.0.1.0/24","customer_owned_ipv4_pool":null,"ipv6_cidr_block":null,"map_customer_owned_ip_on_launch":null,"map_public_ip_on_launch":false,"outpost_arn":null,"tags":null,"timeouts":null,"vpc_id":"aws_vpc.foo.id"}},{"address":"aws_vpc.foo","mode":"managed","type":"aws_vpc","name":"foo","provider_name":"registry.terraform.io/hashicorp/aws","schema_version":1,"values":{"assign_generated_ipv6_cidr_block":false,"cidr_block":"10.0.0.0/16","enable_dns_support":true,"instance_tenancy":"default","tags":null}}]}},"resource_changes":[{"address":"aws_efs_file_system.cloudrail","mode":"managed","type":"aws_efs_file_system","name":"cloudrail","provider_name":"registry.terraform.io/hashicorp/aws","change":{"actions":["create"],"before":null,"after":{"creation_token":"cloudrail-encrypted","encrypted":true,"lifecycle_policy":[],"provisioned_throughput_in_mibps":null,"tags":{"Name":"Encrypted"},"tags_all":{"Name":"Encrypted"},"throughput_mode":"bursting"},"after_unknown":{"arn":true,"availability_zone_id":true,"availability_zone_name":true,"dns_name":true,"id":true,"kms_key_id":true,"lifecycle_policy":[],"number_of_mount_targets":true,"owner_id":true,"performance_mode":true,"size_in_bytes":true,"tags":{},"tags_all":{}}}},{"address":"aws_efs_mount_target.alpha","mode":"managed","type":"aws_efs_mount_target","name":"alpha","provider_name":"registry.terraform.io/hashicorp/aws","change":{"actions":["create"],"before":null,"after":{"file_system_id":"aws_efs_file_system.cloudrail.id","subnet_id":"aws_subnet.alpha.id"},"after_unknown":{"availability_zone_id":true,"availability_zone_name":true,"dns_name":true,"file_system_arn":true,"id":true,"ip_address":true,"mount_target_dns_name":true,"network_interface_id":true,"owner_id":true,"security_groups":true}}},{"address":"aws_subnet.alpha","mode":"managed","type":"aws_subnet","name":"alpha","provider_name":"registry.terraform.io/hashicorp/aws","change":{"actions":["create"],"before":null,"after":{"assign_ipv6_address_on_creation":false,"availability_zone":"us-east-1a","cidr_block":"10.0.1.0/24","customer_owned_ipv4_pool":null,"ipv6_cidr_block":null,"map_customer_owned_ip_on_launch":null,"map_public_ip_on_launch":false,"outpost_arn":null,"tags":null,"timeouts":null,"vpc_id":"aws_vpc.foo.id"},"after_unknown":{"arn":true,"availability_zone_id":true,"id":true,"ipv6_cidr_block_association_id":true,"owner_id":true,"tags_all":true}}},{"address":"aws_vpc.foo","mode":"managed","type":"aws_vpc","name":"foo","provider_name":"registry.terraform.io/hashicorp/aws","change":{"actions":["create"],"before":null,"after":{"assign_generated_ipv6_cidr_block":false,"cidr_block":"10.0.0.0/16","enable_dns_support":true,"instance_tenancy":"default","tags":null},"after_unknown":{"arn":true,"default_network_acl_id":true,"default_route_table_id":true,"default_security_group_id":true,"dhcp_options_id":true,"enable_classiclink":true,"enable_classiclink_dns_support":true,"enable_dns_hostnames":true,"id":true,"ipv6_association_id":true,"ipv6_cidr_block":true,"main_route_table_id":true,"owner_id":true,"tags_all":true}}}],"configuration":{"provider_config":{"aws":{"name":"aws","expressions":{"region":{"constant_value":"us-east-1"}}}},"root_module":{"resources":[{"address":"aws_efs_file_system.cloudrail","mode":"managed","type":"aws_efs_file_system","name":"cloudrail","provider_config_key":"aws","expressions":{"creation_token":{"constant_value":"cloudrail-encrypted"},"encrypted":{"constant_value":true},"tags":{"constant_value":{"Name":"Encrypted"}}},"schema_version":0,"raw_data":{"FileName":"main.tf","StartLine":2,"EndLine":9}},{"address":"aws_efs_mount_target.alpha","mode":"managed","type":"aws_efs_mount_target","name":"alpha","provider_config_key":"aws","expressions":{"file_system_id":{"references":["aws_efs_file_system.cloudrail"]},"subnet_id":{"references":["aws_subnet.alpha"]}},"schema_version":0,"raw_data":{"FileName":"main.tf","StartLine":11,"EndLine":14}},{"address":"aws_subnet.alpha","mode":"managed","type":"aws_subnet","name":"alpha","provider_config_key":"aws","expressions":{"availability_zone":{"constant_value":"us-east-1a"},"cidr_block":{"constant_value":"10.0.1.0/24"},"vpc_id":{"references":["aws_vpc.foo"]}},"schema_version":1,"raw_data":{"FileName":"main.tf","StartLine":20,"EndLine":24}},{"address":"aws_vpc.foo","mode":"managed","type":"aws_vpc","name":"foo","provider_config_key":"aws","expressions":{"cidr_block":{"constant_value":"10.0.0.0/16"}},"schema_version":1,"raw_data":{"FileName":"main.tf","StartLine":16,"EndLine":18}}]}}}
