{"format_version":"0.1","terraform_version":"0.13.4","planned_values":{"root_module":{"resources":[{"address":"aws_elasticsearch_domain.example","mode":"managed","type":"aws_elasticsearch_domain","name":"example","provider_name":"registry.terraform.io/hashicorp/aws","schema_version":0,"values":{"advanced_security_options":[],"cluster_config":[{"dedicated_master_count":null,"dedicated_master_enabled":null,"dedicated_master_type":null,"instance_count":null,"instance_type":"i3.large.elasticsearch","warm_count":null,"warm_enabled":null,"warm_type":null,"zone_awareness_config":[],"zone_awareness_enabled":null}],"cognito_options":[],"domain_endpoint_options":[],"domain_name":"cloudrail-encrypted-in-tran","ebs_options":[],"elasticsearch_version":"6.0","encrypt_at_rest":[],"log_publishing_options":[],"node_to_node_encryption":[{"enabled":true}],"snapshot_options":[],"tags":null,"timeouts":null,"vpc_options":[]}}]}},"resource_changes":[{"address":"aws_elasticsearch_domain.example","mode":"managed","type":"aws_elasticsearch_domain","name":"example","provider_name":"registry.terraform.io/hashicorp/aws","change":{"actions":["create"],"before":null,"after":{"advanced_security_options":[],"cluster_config":[{"dedicated_master_count":null,"dedicated_master_enabled":null,"dedicated_master_type":null,"instance_count":null,"instance_type":"i3.large.elasticsearch","warm_count":null,"warm_enabled":null,"warm_type":null,"zone_awareness_config":[],"zone_awareness_enabled":null}],"cognito_options":[],"domain_endpoint_options":[],"domain_name":"cloudrail-encrypted-in-tran","ebs_options":[],"elasticsearch_version":"6.0","encrypt_at_rest":[],"log_publishing_options":[],"node_to_node_encryption":[{"enabled":true}],"snapshot_options":[],"tags":null,"timeouts":null,"vpc_options":[]},"after_unknown":{"access_policies":true,"advanced_options":true,"advanced_security_options":[],"arn":true,"cluster_config":[{"zone_awareness_config":[]}],"cognito_options":[],"domain_endpoint_options":[],"domain_id":true,"ebs_options":[],"encrypt_at_rest":[],"endpoint":true,"id":true,"kibana_endpoint":true,"log_publishing_options":[],"node_to_node_encryption":[{}],"snapshot_options":[],"tags_all":true,"vpc_options":[]}}}],"configuration":{"provider_config":{"aws":{"name":"aws","expressions":{"region":{"constant_value":"us-east-1"}}}},"root_module":{"resources":[{"address":"aws_elasticsearch_domain.example","mode":"managed","type":"aws_elasticsearch_domain","name":"example","provider_config_key":"aws","expressions":{"cluster_config":[{"instance_type":{"constant_value":"i3.large.elasticsearch"}}],"domain_name":{"constant_value":"cloudrail-encrypted-in-tran"},"elasticsearch_version":{"constant_value":"6.0"},"node_to_node_encryption":[{"enabled":{"constant_value":true}}]},"schema_version":0,"raw_data":{"FileName":"main.tf","StartLine":1,"EndLine":12}}]}}}
