{"format_version":"0.1","terraform_version":"0.12.29","planned_values":{"root_module":{"resources":[{"address":"aws_db_instance.test","mode":"managed","type":"aws_db_instance","name":"test","provider_name":"aws","schema_version":1,"values":{"allocated_storage":5,"allow_major_version_upgrade":null,"auto_minor_version_upgrade":true,"copy_tags_to_snapshot":false,"db_subnet_group_name":"rds_db","delete_automated_backups":true,"deletion_protection":null,"domain":null,"domain_iam_role_name":null,"enabled_cloudwatch_logs_exports":null,"engine":"mysql","final_snapshot_identifier":null,"iam_database_authentication_enabled":null,"identifier":"tf-test-db","instance_class":"db.t2.small","iops":null,"max_allocated_storage":null,"monitoring_interval":0,"multi_az":false,"password":"password123","performance_insights_enabled":false,"publicly_accessible":false,"replicate_source_db":null,"restore_to_point_in_time":[],"s3_import":[],"security_group_names":null,"skip_final_snapshot":true,"snapshot_identifier":null,"storage_encrypted":null,"storage_type":"gp2","tags":null,"timeouts":null,"username":"admin","vpc_security_group_ids":["aws_security_group.db.id"]}},{"address":"aws_db_subnet_group.db","mode":"managed","type":"aws_db_subnet_group","name":"db","provider_name":"aws","schema_version":0,"values":{"description":"Managed by Terraform","name":"rds_db","subnet_ids":["aws_subnet.nondefault_1.id","aws_subnet.nondefault_2.id"],"tags":null}},{"address":"aws_instance.public_ins","mode":"managed","type":"aws_instance","name":"public_ins","provider_name":"aws","schema_version":1,"values":{"ami":"ami-0130bec6e5047f596","associate_public_ip_address":true,"credit_specification":[],"disable_api_termination":null,"ebs_optimized":null,"get_password_data":false,"hibernation":null,"iam_instance_profile":null,"instance_initiated_shutdown_behavior":null,"instance_type":"t3.nano","monitoring":null,"source_dest_check":true,"subnet_id":"aws_subnet.nondefault_1.id","tags":null,"timeouts":null,"user_data":null,"user_data_base64":null,"vpc_security_group_ids":["aws_security_group.publicly_accessible_sg.id"]}},{"address":"aws_internet_gateway.igw","mode":"managed","type":"aws_internet_gateway","name":"igw","provider_name":"aws","schema_version":0,"values":{"tags":null,"vpc_id":"aws_vpc.nondefault.id"}},{"address":"aws_network_acl.ec2_nacl","mode":"managed","type":"aws_network_acl","name":"ec2_nacl","provider_name":"aws","schema_version":0,"values":{"egress":[{"action":"allow","cidr_block":"0.0.0.0/0","from_port":0,"icmp_code":null,"icmp_type":null,"ipv6_cidr_block":"","protocol":"-1","rule_no":200,"to_port":65000}],"ingress":[{"action":"allow","cidr_block":"0.0.0.0/0","from_port":0,"icmp_code":null,"icmp_type":null,"ipv6_cidr_block":"","protocol":"-1","rule_no":100,"to_port":65000}],"subnet_ids":["aws_subnet.nondefault_1.id"],"tags":{"Name":"main"},"vpc_id":"aws_vpc.nondefault.id"}},{"address":"aws_network_acl.redshift_eni2_nacl","mode":"managed","type":"aws_network_acl","name":"redshift_eni2_nacl","provider_name":"aws","schema_version":0,"values":{"egress":[{"action":"deny","cidr_block":"0.0.0.0/0","from_port":0,"icmp_code":null,"icmp_type":null,"ipv6_cidr_block":"","protocol":"-1","rule_no":200,"to_port":65000}],"ingress":[{"action":"deny","cidr_block":"0.0.0.0/0","from_port":0,"icmp_code":null,"icmp_type":null,"ipv6_cidr_block":"","protocol":"-1","rule_no":100,"to_port":65000}],"subnet_ids":["aws_subnet.nondefault_2.id"],"tags":{"Name":"main"},"vpc_id":"aws_vpc.nondefault.id"}},{"address":"aws_route_table.nondefault_1","mode":"managed","type":"aws_route_table","name":"nondefault_1","provider_name":"aws","schema_version":0,"values":{"route":[{"cidr_block":"0.0.0.0/0","egress_only_gateway_id":"","gateway_id":"aws_internet_gateway.igw.id","instance_id":"","ipv6_cidr_block":"","local_gateway_id":"","nat_gateway_id":"","network_interface_id":"","transit_gateway_id":"","vpc_endpoint_id":"","vpc_peering_connection_id":""}],"tags":null,"vpc_id":"aws_vpc.nondefault.id"}},{"address":"aws_route_table_association.nondefault_1","mode":"managed","type":"aws_route_table_association","name":"nondefault_1","provider_name":"aws","schema_version":0,"values":{"gateway_id":null,"route_table_id":"aws_route_table.nondefault_1.id","subnet_id":"aws_subnet.nondefault_1.id"}},{"address":"aws_security_group.db","mode":"managed","type":"aws_security_group","name":"db","provider_name":"aws","schema_version":1,"values":{"description":"Managed by Terraform","ingress":[{"cidr_blocks":["10.1.1.128/25"],"description":"","from_port":3306,"ipv6_cidr_blocks":[],"prefix_list_ids":[],"protocol":"tcp","security_groups":[],"self":false,"to_port":3306}],"name_prefix":null,"revoke_rules_on_delete":false,"tags":null,"timeouts":null,"vpc_id":"aws_vpc.nondefault.id"}},{"address":"aws_security_group.publicly_accessible_sg","mode":"managed","type":"aws_security_group","name":"publicly_accessible_sg","provider_name":"aws","schema_version":1,"values":{"description":"Managed by Terraform","egress":[{"cidr_blocks":["0.0.0.0/0"],"description":"","from_port":0,"ipv6_cidr_blocks":[],"prefix_list_ids":[],"protocol":"tcp","security_groups":[],"self":false,"to_port":65000}],"ingress":[{"cidr_blocks":["0.0.0.0/0"],"description":"","from_port":0,"ipv6_cidr_blocks":[],"prefix_list_ids":[],"protocol":"tcp","security_groups":[],"self":false,"to_port":65000}],"name_prefix":null,"revoke_rules_on_delete":false,"tags":null,"timeouts":null,"vpc_id":"aws_vpc.nondefault.id"}},{"address":"aws_subnet.nondefault_1","mode":"managed","type":"aws_subnet","name":"nondefault_1","provider_name":"aws","schema_version":1,"values":{"assign_ipv6_address_on_creation":false,"availability_zone":"eu-central-1a","cidr_block":"10.1.1.128/25","ipv6_cidr_block":null,"map_public_ip_on_launch":false,"outpost_arn":null,"tags":null,"timeouts":null,"vpc_id":"aws_vpc.nondefault.id"}},{"address":"aws_subnet.nondefault_2","mode":"managed","type":"aws_subnet","name":"nondefault_2","provider_name":"aws","schema_version":1,"values":{"assign_ipv6_address_on_creation":false,"availability_zone":"eu-central-1b","cidr_block":"10.1.1.0/25","ipv6_cidr_block":null,"map_public_ip_on_launch":false,"outpost_arn":null,"tags":null,"timeouts":null,"vpc_id":"aws_vpc.nondefault.id"}},{"address":"aws_vpc.nondefault","mode":"managed","type":"aws_vpc","name":"nondefault","provider_name":"aws","schema_version":1,"values":{"assign_generated_ipv6_cidr_block":false,"cidr_block":"10.1.1.0/24","enable_dns_support":true,"instance_tenancy":"default","tags":null}}]}},"resource_changes":[{"address":"aws_db_instance.test","mode":"managed","type":"aws_db_instance","name":"test","provider_name":"aws","change":{"actions":["create"],"before":null,"after":{"allocated_storage":5,"allow_major_version_upgrade":null,"auto_minor_version_upgrade":true,"copy_tags_to_snapshot":false,"db_subnet_group_name":"rds_db","delete_automated_backups":true,"deletion_protection":null,"domain":null,"domain_iam_role_name":null,"enabled_cloudwatch_logs_exports":null,"engine":"mysql","final_snapshot_identifier":null,"iam_database_authentication_enabled":null,"identifier":"tf-test-db","instance_class":"db.t2.small","iops":null,"max_allocated_storage":null,"monitoring_interval":0,"multi_az":false,"password":"password123","performance_insights_enabled":false,"publicly_accessible":false,"replicate_source_db":null,"restore_to_point_in_time":[],"s3_import":[],"security_group_names":null,"skip_final_snapshot":true,"snapshot_identifier":null,"storage_encrypted":null,"storage_type":"gp2","tags":null,"timeouts":null,"username":"admin","vpc_security_group_ids":["aws_security_group.db.id"]},"after_unknown":{"address":true,"apply_immediately":true,"arn":true,"availability_zone":true,"backup_retention_period":true,"backup_window":true,"ca_cert_identifier":true,"character_set_name":true,"endpoint":true,"engine_version":true,"hosted_zone_id":true,"id":true,"identifier_prefix":true,"kms_key_id":true,"latest_restorable_time":true,"license_model":true,"maintenance_window":true,"monitoring_role_arn":true,"name":true,"option_group_name":true,"parameter_group_name":true,"performance_insights_kms_key_id":true,"performance_insights_retention_period":true,"port":true,"replicas":true,"resource_id":true,"restore_to_point_in_time":[],"s3_import":[],"status":true,"timezone":true,"vpc_security_group_ids":[false]}}},{"address":"aws_db_subnet_group.db","mode":"managed","type":"aws_db_subnet_group","name":"db","provider_name":"aws","change":{"actions":["create"],"before":null,"after":{"description":"Managed by Terraform","name":"rds_db","subnet_ids":["aws_subnet.nondefault_1.id","aws_subnet.nondefault_2.id"],"tags":null},"after_unknown":{"arn":true,"id":true,"name_prefix":true,"subnet_ids":[false,false]}}},{"address":"aws_instance.public_ins","mode":"managed","type":"aws_instance","name":"public_ins","provider_name":"aws","change":{"actions":["create"],"before":null,"after":{"ami":"ami-0130bec6e5047f596","associate_public_ip_address":true,"credit_specification":[],"disable_api_termination":null,"ebs_optimized":null,"get_password_data":false,"hibernation":null,"iam_instance_profile":null,"instance_initiated_shutdown_behavior":null,"instance_type":"t3.nano","monitoring":null,"source_dest_check":true,"subnet_id":"aws_subnet.nondefault_1.id","tags":null,"timeouts":null,"user_data":null,"user_data_base64":null,"vpc_security_group_ids":["aws_security_group.publicly_accessible_sg.id"]},"after_unknown":{"arn":true,"availability_zone":true,"cpu_core_count":true,"cpu_threads_per_core":true,"credit_specification":[],"ebs_block_device":true,"ephemeral_block_device":true,"host_id":true,"id":true,"instance_state":true,"ipv6_address_count":true,"ipv6_addresses":true,"key_name":true,"metadata_options":true,"network_interface":true,"outpost_arn":true,"password_data":true,"placement_group":true,"primary_network_interface_id":true,"private_dns":true,"private_ip":true,"public_dns":true,"public_ip":true,"root_block_device":true,"secondary_private_ips":true,"security_groups":true,"tenancy":true,"volume_tags":true,"vpc_security_group_ids":[false]}}},{"address":"aws_internet_gateway.igw","mode":"managed","type":"aws_internet_gateway","name":"igw","provider_name":"aws","change":{"actions":["create"],"before":null,"after":{"tags":null,"vpc_id":"aws_vpc.nondefault.id"},"after_unknown":{"arn":true,"id":true,"owner_id":true}}},{"address":"aws_network_acl.ec2_nacl","mode":"managed","type":"aws_network_acl","name":"ec2_nacl","provider_name":"aws","change":{"actions":["create"],"before":null,"after":{"egress":[{"action":"allow","cidr_block":"0.0.0.0/0","from_port":0,"icmp_code":null,"icmp_type":null,"ipv6_cidr_block":"","protocol":"-1","rule_no":200,"to_port":65000}],"ingress":[{"action":"allow","cidr_block":"0.0.0.0/0","from_port":0,"icmp_code":null,"icmp_type":null,"ipv6_cidr_block":"","protocol":"-1","rule_no":100,"to_port":65000}],"subnet_ids":["aws_subnet.nondefault_1.id"],"tags":{"Name":"main"},"vpc_id":"aws_vpc.nondefault.id"},"after_unknown":{"arn":true,"egress":[{}],"id":true,"ingress":[{}],"owner_id":true,"subnet_ids":[false],"tags":{}}}},{"address":"aws_network_acl.redshift_eni2_nacl","mode":"managed","type":"aws_network_acl","name":"redshift_eni2_nacl","provider_name":"aws","change":{"actions":["create"],"before":null,"after":{"egress":[{"action":"deny","cidr_block":"0.0.0.0/0","from_port":0,"icmp_code":null,"icmp_type":null,"ipv6_cidr_block":"","protocol":"-1","rule_no":200,"to_port":65000}],"ingress":[{"action":"deny","cidr_block":"0.0.0.0/0","from_port":0,"icmp_code":null,"icmp_type":null,"ipv6_cidr_block":"","protocol":"-1","rule_no":100,"to_port":65000}],"subnet_ids":["aws_subnet.nondefault_2.id"],"tags":{"Name":"main"},"vpc_id":"aws_vpc.nondefault.id"},"after_unknown":{"arn":true,"egress":[{}],"id":true,"ingress":[{}],"owner_id":true,"subnet_ids":[false],"tags":{}}}},{"address":"aws_route_table.nondefault_1","mode":"managed","type":"aws_route_table","name":"nondefault_1","provider_name":"aws","change":{"actions":["create"],"before":null,"after":{"route":[{"cidr_block":"0.0.0.0/0","egress_only_gateway_id":"","gateway_id":"aws_internet_gateway.igw.id","instance_id":"","ipv6_cidr_block":"","local_gateway_id":"","nat_gateway_id":"","network_interface_id":"","transit_gateway_id":"","vpc_endpoint_id":"","vpc_peering_connection_id":""}],"tags":null,"vpc_id":"aws_vpc.nondefault.id"},"after_unknown":{"id":true,"owner_id":true,"propagating_vgws":true,"route":[{}]}}},{"address":"aws_route_table_association.nondefault_1","mode":"managed","type":"aws_route_table_association","name":"nondefault_1","provider_name":"aws","change":{"actions":["create"],"before":null,"after":{"gateway_id":null,"route_table_id":"aws_route_table.nondefault_1.id","subnet_id":"aws_subnet.nondefault_1.id"},"after_unknown":{"id":true}}},{"address":"aws_security_group.db","mode":"managed","type":"aws_security_group","name":"db","provider_name":"aws","change":{"actions":["create"],"before":null,"after":{"description":"Managed by Terraform","ingress":[{"cidr_blocks":["10.1.1.128/25"],"description":"","from_port":3306,"ipv6_cidr_blocks":[],"prefix_list_ids":[],"protocol":"tcp","security_groups":[],"self":false,"to_port":3306}],"name_prefix":null,"revoke_rules_on_delete":false,"tags":null,"timeouts":null,"vpc_id":"aws_vpc.nondefault.id"},"after_unknown":{"arn":true,"egress":true,"id":true,"ingress":[{"cidr_blocks":[false],"ipv6_cidr_blocks":[],"prefix_list_ids":[],"security_groups":[]}],"name":true,"owner_id":true}}},{"address":"aws_security_group.publicly_accessible_sg","mode":"managed","type":"aws_security_group","name":"publicly_accessible_sg","provider_name":"aws","change":{"actions":["create"],"before":null,"after":{"description":"Managed by Terraform","egress":[{"cidr_blocks":["0.0.0.0/0"],"description":"","from_port":0,"ipv6_cidr_blocks":[],"prefix_list_ids":[],"protocol":"tcp","security_groups":[],"self":false,"to_port":65000}],"ingress":[{"cidr_blocks":["0.0.0.0/0"],"description":"","from_port":0,"ipv6_cidr_blocks":[],"prefix_list_ids":[],"protocol":"tcp","security_groups":[],"self":false,"to_port":65000}],"name_prefix":null,"revoke_rules_on_delete":false,"tags":null,"timeouts":null,"vpc_id":"aws_vpc.nondefault.id"},"after_unknown":{"arn":true,"egress":[{"cidr_blocks":[false],"ipv6_cidr_blocks":[],"prefix_list_ids":[],"security_groups":[]}],"id":true,"ingress":[{"cidr_blocks":[false],"ipv6_cidr_blocks":[],"prefix_list_ids":[],"security_groups":[]}],"name":true,"owner_id":true}}},{"address":"aws_subnet.nondefault_1","mode":"managed","type":"aws_subnet","name":"nondefault_1","provider_name":"aws","change":{"actions":["create"],"before":null,"after":{"assign_ipv6_address_on_creation":false,"availability_zone":"eu-central-1a","cidr_block":"10.1.1.128/25","ipv6_cidr_block":null,"map_public_ip_on_launch":false,"outpost_arn":null,"tags":null,"timeouts":null,"vpc_id":"aws_vpc.nondefault.id"},"after_unknown":{"arn":true,"availability_zone_id":true,"id":true,"ipv6_cidr_block_association_id":true,"owner_id":true}}},{"address":"aws_subnet.nondefault_2","mode":"managed","type":"aws_subnet","name":"nondefault_2","provider_name":"aws","change":{"actions":["create"],"before":null,"after":{"assign_ipv6_address_on_creation":false,"availability_zone":"eu-central-1b","cidr_block":"10.1.1.0/25","ipv6_cidr_block":null,"map_public_ip_on_launch":false,"outpost_arn":null,"tags":null,"timeouts":null,"vpc_id":"aws_vpc.nondefault.id"},"after_unknown":{"arn":true,"availability_zone_id":true,"id":true,"ipv6_cidr_block_association_id":true,"owner_id":true}}},{"address":"aws_vpc.nondefault","mode":"managed","type":"aws_vpc","name":"nondefault","provider_name":"aws","change":{"actions":["create"],"before":null,"after":{"assign_generated_ipv6_cidr_block":false,"cidr_block":"10.1.1.0/24","enable_dns_support":true,"instance_tenancy":"default","tags":null},"after_unknown":{"arn":true,"default_network_acl_id":true,"default_route_table_id":true,"default_security_group_id":true,"dhcp_options_id":true,"enable_classiclink":true,"enable_classiclink_dns_support":true,"enable_dns_hostnames":true,"id":true,"ipv6_association_id":true,"ipv6_cidr_block":true,"main_route_table_id":true,"owner_id":true}}}],"configuration":{"provider_config":{"aws":{"name":"aws","expressions":{"region":{"constant_value":"eu-central-1"}}}},"root_module":{"resources":[{"address":"aws_db_instance.test","mode":"managed","type":"aws_db_instance","name":"test","provider_config_key":"aws","expressions":{"allocated_storage":{"constant_value":"5"},"db_subnet_group_name":{"references":["aws_db_subnet_group.db"]},"engine":{"constant_value":"mysql"},"identifier":{"constant_value":"tf-test-db"},"instance_class":{"constant_value":"db.t2.small"},"multi_az":{"constant_value":"false"},"password":{"constant_value":"password123"},"publicly_accessible":{"constant_value":false},"skip_final_snapshot":{"constant_value":true},"storage_type":{"constant_value":"gp2"},"username":{"constant_value":"admin"},"vpc_security_group_ids":{"references":["aws_security_group.db"]}},"schema_version":1,"raw_data":{"FileName":"main.tf","StartLine":113,"EndLine":126}},{"address":"aws_db_subnet_group.db","mode":"managed","type":"aws_db_subnet_group","name":"db","provider_config_key":"aws","expressions":{"name":{"constant_value":"rds_db"},"subnet_ids":{"references":["aws_subnet.nondefault_1","aws_subnet.nondefault_2"]}},"schema_version":0,"raw_data":{"FileName":"main.tf","StartLine":97,"EndLine":101}},{"address":"aws_instance.public_ins","mode":"managed","type":"aws_instance","name":"public_ins","provider_config_key":"aws","expressions":{"ami":{"constant_value":"ami-0130bec6e5047f596"},"associate_public_ip_address":{"constant_value":true},"instance_type":{"constant_value":"t3.nano"},"subnet_id":{"references":["aws_subnet.nondefault_1"]},"vpc_security_group_ids":{"references":["aws_security_group.publicly_accessible_sg"]}},"schema_version":1,"raw_data":{"FileName":"main.tf","StartLine":146,"EndLine":152}},{"address":"aws_internet_gateway.igw","mode":"managed","type":"aws_internet_gateway","name":"igw","provider_config_key":"aws","expressions":{"vpc_id":{"references":["aws_vpc.nondefault"]}},"schema_version":0,"raw_data":{"FileName":"main.tf","StartLine":80,"EndLine":82}},{"address":"aws_network_acl.ec2_nacl","mode":"managed","type":"aws_network_acl","name":"ec2_nacl","provider_config_key":"aws","expressions":{"subnet_ids":{"references":["aws_subnet.nondefault_1"]},"tags":{"constant_value":{"Name":"main"}},"vpc_id":{"references":["aws_vpc.nondefault"]}},"schema_version":0,"raw_data":{"FileName":"main.tf","StartLine":14,"EndLine":39}},{"address":"aws_network_acl.redshift_eni2_nacl","mode":"managed","type":"aws_network_acl","name":"redshift_eni2_nacl","provider_config_key":"aws","expressions":{"subnet_ids":{"references":["aws_subnet.nondefault_2"]},"tags":{"constant_value":{"Name":"main"}},"vpc_id":{"references":["aws_vpc.nondefault"]}},"schema_version":0,"raw_data":{"FileName":"main.tf","StartLine":41,"EndLine":66}},{"address":"aws_route_table.nondefault_1","mode":"managed","type":"aws_route_table","name":"nondefault_1","provider_config_key":"aws","expressions":{"vpc_id":{"references":["aws_vpc.nondefault"]}},"schema_version":0,"raw_data":{"FileName":"main.tf","StartLine":84,"EndLine":90}},{"address":"aws_route_table_association.nondefault_1","mode":"managed","type":"aws_route_table_association","name":"nondefault_1","provider_config_key":"aws","expressions":{"route_table_id":{"references":["aws_route_table.nondefault_1"]},"subnet_id":{"references":["aws_subnet.nondefault_1"]}},"schema_version":0,"raw_data":{"FileName":"main.tf","StartLine":92,"EndLine":95}},{"address":"aws_security_group.db","mode":"managed","type":"aws_security_group","name":"db","provider_config_key":"aws","expressions":{"vpc_id":{"references":["aws_vpc.nondefault"]}},"schema_version":1,"raw_data":{"FileName":"main.tf","StartLine":103,"EndLine":111}},{"address":"aws_security_group.publicly_accessible_sg","mode":"managed","type":"aws_security_group","name":"publicly_accessible_sg","provider_config_key":"aws","expressions":{"vpc_id":{"references":["aws_vpc.nondefault"]}},"schema_version":1,"raw_data":{"FileName":"main.tf","StartLine":129,"EndLine":143}},{"address":"aws_subnet.nondefault_1","mode":"managed","type":"aws_subnet","name":"nondefault_1","provider_config_key":"aws","expressions":{"availability_zone":{"constant_value":"eu-central-1a"},"cidr_block":{"constant_value":"10.1.1.128/25"},"vpc_id":{"references":["aws_vpc.nondefault"]}},"schema_version":1,"raw_data":{"FileName":"main.tf","StartLine":68,"EndLine":72}},{"address":"aws_subnet.nondefault_2","mode":"managed","type":"aws_subnet","name":"nondefault_2","provider_config_key":"aws","expressions":{"availability_zone":{"constant_value":"eu-central-1b"},"cidr_block":{"constant_value":"10.1.1.0/25"},"vpc_id":{"references":["aws_vpc.nondefault"]}},"schema_version":1,"raw_data":{"FileName":"main.tf","StartLine":74,"EndLine":78}},{"address":"aws_vpc.nondefault","mode":"managed","type":"aws_vpc","name":"nondefault","provider_config_key":"aws","expressions":{"cidr_block":{"constant_value":"10.1.1.0/24"}},"schema_version":1,"raw_data":{"FileName":"main.tf","StartLine":10,"EndLine":12}}]}}}
