{"format_version":"0.1","terraform_version":"0.14.6","planned_values":{"root_module":{"resources":[{"address":"azurerm_resource_group.rg","mode":"managed","type":"azurerm_resource_group","name":"rg","provider_name":"registry.terraform.io/hashicorp/azurerm","schema_version":0,"values":{"location":"westeurope","name":"cr2391-RG","tags":null,"timeouts":null}},{"address":"azurerm_servicebus_namespace.example","mode":"managed","type":"azurerm_servicebus_namespace","name":"example","provider_name":"registry.terraform.io/hashicorp/azurerm","schema_version":1,"values":{"capacity":0,"location":"westeurope","name":"cr2391-servicebus-namespace","resource_group_name":"cr2391-RG","sku":"Basic","tags":null,"timeouts":null,"zone_redundant":null}}]}},"resource_changes":[{"address":"azurerm_resource_group.rg","mode":"managed","type":"azurerm_resource_group","name":"rg","provider_name":"registry.terraform.io/hashicorp/azurerm","change":{"actions":["create"],"before":null,"after":{"location":"westeurope","name":"cr2391-RG","tags":null,"timeouts":null},"after_unknown":{"id":true}}},{"address":"azurerm_servicebus_namespace.example","mode":"managed","type":"azurerm_servicebus_namespace","name":"example","provider_name":"registry.terraform.io/hashicorp/azurerm","change":{"actions":["create"],"before":null,"after":{"capacity":0,"location":"westeurope","name":"cr2391-servicebus-namespace","resource_group_name":"cr2391-RG","sku":"Basic","tags":null,"timeouts":null,"zone_redundant":null},"after_unknown":{"default_primary_connection_string":true,"default_primary_key":true,"default_secondary_connection_string":true,"default_secondary_key":true,"id":true}}}],"configuration":{"provider_config":{"azurerm":{"name":"azurerm","expressions":{"features":[{}]}}},"root_module":{"resources":[{"address":"azurerm_resource_group.rg","mode":"managed","type":"azurerm_resource_group","name":"rg","provider_config_key":"azurerm","expressions":{"location":{"constant_value":"West Europe"},"name":{"references":["local.resource_prefix"]}},"schema_version":0,"raw_data":{"FileName":"main.tf","StartLine":10,"EndLine":13}},{"address":"azurerm_servicebus_namespace.example","mode":"managed","type":"azurerm_servicebus_namespace","name":"example","provider_config_key":"azurerm","expressions":{"location":{"references":["azurerm_resource_group.rg"]},"name":{"references":["local.resource_prefix"]},"resource_group_name":{"references":["azurerm_resource_group.rg"]},"sku":{"constant_value":"Basic"}},"schema_version":1,"raw_data":{"FileName":"main.tf","StartLine":15,"EndLine":20}}]}}}
