{"format_version":"0.1","terraform_version":"0.13.4","planned_values":{"root_module":{"resources":[{"address":"aws_kinesis_stream.cloudrail","mode":"managed","type":"aws_kinesis_stream","name":"cloudrail","provider_name":"registry.terraform.io/hashicorp/aws","schema_version":1,"values":{"encryption_type":"KMS","enforce_consumer_deletion":false,"kms_key_id":"alias/aws/kinesis","name":"cloudrail-test-encrypted","retention_period":24,"shard_count":1,"shard_level_metrics":null,"tags":null,"timeouts":null}},{"address":"aws_kinesis_stream.cloudrail_2","mode":"managed","type":"aws_kinesis_stream","name":"cloudrail_2","provider_name":"registry.terraform.io/hashicorp/aws","schema_version":1,"values":{"encryption_type":"KMS","enforce_consumer_deletion":false,"kms_key_id":"alias/aws/kinesis","name":"cloudrail-test-encrypted_2","retention_period":24,"shard_count":1,"shard_level_metrics":null,"tags":null,"timeouts":null}}]}},"resource_changes":[{"address":"aws_kinesis_stream.cloudrail","mode":"managed","type":"aws_kinesis_stream","name":"cloudrail","provider_name":"registry.terraform.io/hashicorp/aws","change":{"actions":["create"],"before":null,"after":{"encryption_type":"KMS","enforce_consumer_deletion":false,"kms_key_id":"alias/aws/kinesis","name":"cloudrail-test-encrypted","retention_period":24,"shard_count":1,"shard_level_metrics":null,"tags":null,"timeouts":null},"after_unknown":{"arn":true,"id":true,"tags_all":true}}},{"address":"aws_kinesis_stream.cloudrail_2","mode":"managed","type":"aws_kinesis_stream","name":"cloudrail_2","provider_name":"registry.terraform.io/hashicorp/aws","change":{"actions":["create"],"before":null,"after":{"encryption_type":"KMS","enforce_consumer_deletion":false,"kms_key_id":"alias/aws/kinesis","name":"cloudrail-test-encrypted_2","retention_period":24,"shard_count":1,"shard_level_metrics":null,"tags":null,"timeouts":null},"after_unknown":{"arn":true,"id":true,"tags_all":true}}}],"configuration":{"provider_config":{"aws":{"name":"aws","expressions":{"region":{"constant_value":"us-east-1"}}}},"root_module":{"resources":[{"address":"aws_kinesis_stream.cloudrail","mode":"managed","type":"aws_kinesis_stream","name":"cloudrail","provider_config_key":"aws","expressions":{"encryption_type":{"constant_value":"KMS"},"kms_key_id":{"constant_value":"alias/aws/kinesis"},"name":{"constant_value":"cloudrail-test-encrypted"},"shard_count":{"constant_value":1}},"schema_version":1,"raw_data":{"FileName":"main.tf","StartLine":1,"EndLine":6}},{"address":"aws_kinesis_stream.cloudrail_2","mode":"managed","type":"aws_kinesis_stream","name":"cloudrail_2","provider_config_key":"aws","expressions":{"encryption_type":{"constant_value":"KMS"},"kms_key_id":{"constant_value":"alias/aws/kinesis"},"name":{"constant_value":"cloudrail-test-encrypted_2"},"shard_count":{"constant_value":1}},"schema_version":1,"raw_data":{"FileName":"main.tf","StartLine":8,"EndLine":13}}]}}}
