{"format_version":"0.1","terraform_version":"0.12.29","planned_values":{"root_module":{"resources":[{"address":"aws_eks_cluster.test","mode":"managed","type":"aws_eks_cluster","name":"test","provider_name":"aws","schema_version":0,"values":{"enabled_cluster_log_types":null,"encryption_config":[],"name":"test","role_arn":"aws_iam_role.eksrole.arn","tags":null,"timeouts":null,"vpc_config":[{"endpoint_private_access":false,"endpoint_public_access":true,"security_group_ids":null,"subnet_ids":["aws_subnet.subnet1.id"]}]}},{"address":"aws_iam_role.eksrole","mode":"managed","type":"aws_iam_role","name":"eksrole","provider_name":"aws","schema_version":0,"values":{"assume_role_policy":"","description":null,"force_detach_policies":false,"max_session_duration":3600,"name_prefix":null,"path":"/","permissions_boundary":null,"tags":null}},{"address":"aws_subnet.subnet1","mode":"managed","type":"aws_subnet","name":"subnet1","provider_name":"aws","schema_version":1,"values":{"assign_ipv6_address_on_creation":false,"cidr_block":"10.0.0.0/24","map_public_ip_on_launch":false,"outpost_arn":null,"tags":null,"timeouts":null,"vpc_id":"aws_vpc.vpc.id"}},{"address":"aws_vpc.vpc","mode":"managed","type":"aws_vpc","name":"vpc","provider_name":"aws","schema_version":1,"values":{"assign_generated_ipv6_cidr_block":false,"cidr_block":"10.0.0.0/16","enable_dns_support":true,"instance_tenancy":"default","tags":null}}]}},"resource_changes":[{"address":"aws_eks_cluster.test","mode":"managed","type":"aws_eks_cluster","name":"test","provider_name":"aws","change":{"actions":["create"],"before":null,"after":{"enabled_cluster_log_types":null,"encryption_config":[],"name":"test","role_arn":"aws_iam_role.eksrole.arn","tags":null,"timeouts":null,"vpc_config":[{"endpoint_private_access":false,"endpoint_public_access":true,"security_group_ids":null,"subnet_ids":["aws_subnet.subnet1.id"]}]},"after_unknown":{"arn":true,"certificate_authority":true,"created_at":true,"encryption_config":[],"endpoint":true,"id":true,"identity":true,"platform_version":true,"status":true,"version":true,"vpc_config":[{"cluster_security_group_id":true,"public_access_cidrs":true,"subnet_ids":[false],"vpc_id":true}]}}},{"address":"aws_iam_role.eksrole","mode":"managed","type":"aws_iam_role","name":"eksrole","provider_name":"aws","change":{"actions":["create"],"before":null,"after":{"assume_role_policy":"","description":null,"force_detach_policies":false,"max_session_duration":3600,"name_prefix":null,"path":"/","permissions_boundary":null,"tags":null},"after_unknown":{"arn":true,"create_date":true,"id":true,"name":true,"unique_id":true}}},{"address":"aws_subnet.subnet1","mode":"managed","type":"aws_subnet","name":"subnet1","provider_name":"aws","change":{"actions":["create"],"before":null,"after":{"assign_ipv6_address_on_creation":false,"cidr_block":"10.0.0.0/24","map_public_ip_on_launch":false,"outpost_arn":null,"tags":null,"timeouts":null,"vpc_id":"aws_vpc.vpc.id"},"after_unknown":{"arn":true,"availability_zone":true,"availability_zone_id":true,"id":true,"ipv6_cidr_block":true,"ipv6_cidr_block_association_id":true,"owner_id":true}}},{"address":"aws_vpc.vpc","mode":"managed","type":"aws_vpc","name":"vpc","provider_name":"aws","change":{"actions":["create"],"before":null,"after":{"assign_generated_ipv6_cidr_block":false,"cidr_block":"10.0.0.0/16","enable_dns_support":true,"instance_tenancy":"default","tags":null},"after_unknown":{"arn":true,"default_network_acl_id":true,"default_route_table_id":true,"default_security_group_id":true,"dhcp_options_id":true,"enable_classiclink":true,"enable_classiclink_dns_support":true,"enable_dns_hostnames":true,"id":true,"ipv6_association_id":true,"ipv6_cidr_block":true,"main_route_table_id":true,"owner_id":true}}}],"configuration":{"provider_config":{"aws":{"name":"aws","version_constraint":"3.1","expressions":{"region":{"constant_value":"us-east-2"}}}},"root_module":{"resources":[{"address":"aws_eks_cluster.test","mode":"managed","type":"aws_eks_cluster","name":"test","provider_config_key":"aws","expressions":{"name":{"constant_value":"test"},"role_arn":{"references":["aws_iam_role.eksrole"]},"vpc_config":[{"subnet_ids":{"references":["aws_subnet.subnet1"]}}]},"schema_version":0,"raw_data":{"FileName":"main.tf","StartLine":20,"EndLine":26}},{"address":"aws_iam_role.eksrole","mode":"managed","type":"aws_iam_role","name":"eksrole","provider_config_key":"aws","expressions":{"assume_role_policy":{"constant_value":""}},"schema_version":0,"raw_data":{"FileName":"main.tf","StartLine":7,"EndLine":9}},{"address":"aws_subnet.subnet1","mode":"managed","type":"aws_subnet","name":"subnet1","provider_config_key":"aws","expressions":{"cidr_block":{"constant_value":"10.0.0.0/24"},"vpc_id":{"references":["aws_vpc.vpc"]}},"schema_version":1,"raw_data":{"FileName":"main.tf","StartLine":15,"EndLine":18}},{"address":"aws_vpc.vpc","mode":"managed","type":"aws_vpc","name":"vpc","provider_config_key":"aws","expressions":{"cidr_block":{"constant_value":"10.0.0.0/16"}},"schema_version":1,"raw_data":{"FileName":"main.tf","StartLine":11,"EndLine":13}}]}}}
