{"format_version":"0.1","terraform_version":"0.13.4","planned_values":{"outputs":{"additional_tag_map":{"sensitive":false,"value":{}},"arn":{"sensitive":false,"value":"module.ec2-bastion-server.aws_instance.default[0].arn"},"attributes":{"sensitive":false,"value":[]},"azs":{"sensitive":false,"value":["eu-west-1a","eu-west-1b","eu-west-1c"]},"cgw_arns":{"sensitive":false,"value":["module.vpc_example_complete-vpc.module.vpc.aws_customer_gateway.this[IP1].arn","module.vpc_example_complete-vpc.module.vpc.aws_customer_gateway.this[IP2].arn"]},"cgw_ids":{"sensitive":false,"value":["module.vpc_example_complete-vpc.module.vpc.aws_customer_gateway.this[IP1].id","module.vpc_example_complete-vpc.module.vpc.aws_customer_gateway.this[IP2].id"]},"context":{"sensitive":false,"value":{"additional_tag_map":{},"attributes":[],"delimiter":null,"enabled":true,"environment":null,"id_length_limit":null,"label_key_case":null,"label_order":[],"label_value_case":null,"name":"bastion","namespace":"test","regex_replace_chars":null,"stage":"dev","tags":{}}},"database_internet_gateway_route_id":{"sensitive":false,"value":""},"database_ipv6_egress_route_id":{"sensitive":false,"value":""},"database_nat_gateway_route_ids":{"sensitive":false,"value":[]},"database_network_acl_arn":{"sensitive":false,"value":""},"database_network_acl_id":{"sensitive":false,"value":""},"database_route_table_association_ids":{"sensitive":false,"value":["module.vpc_example_complete-vpc.module.vpc.aws_route_table_association.database[0].id","module.vpc_example_complete-vpc.module.vpc.aws_route_table_association.database[1].id","module.vpc_example_complete-vpc.module.vpc.aws_route_table_association.database[2].id"]},"database_route_table_ids":{"sensitive":false,"value":["module.vpc_example_complete-vpc.module.vpc.aws_route_table.private[0].id"]},"database_subnet_arns":{"sensitive":false,"value":["module.vpc_example_complete-vpc.module.vpc.aws_subnet.database[0].arn","module.vpc_example_complete-vpc.module.vpc.aws_subnet.database[1].arn","module.vpc_example_complete-vpc.module.vpc.aws_subnet.database[2].arn"]},"database_subnet_group":{"sensitive":false,"value":""},"database_subnet_group_name":{"sensitive":false,"value":""},"database_subnets":{"sensitive":false,"value":["module.vpc_example_complete-vpc.module.vpc.aws_subnet.database[0].id","module.vpc_example_complete-vpc.module.vpc.aws_subnet.database[1].id","module.vpc_example_complete-vpc.module.vpc.aws_subnet.database[2].id"]},"database_subnets_cidr_blocks":{"sensitive":false,"value":["20.10.21.0/24","20.10.22.0/24","20.10.23.0/24"]},"database_subnets_ipv6_cidr_blocks":{"sensitive":false,"value":[null,null,null]},"default_network_acl_id":{"sensitive":false,"value":"module.vpc_example_complete-vpc.module.vpc.aws_vpc.this[0].default_network_acl_id"},"default_route_table_id":{"sensitive":false,"value":"module.vpc_example_complete-vpc.module.vpc.aws_vpc.this[0].default_route_table_id"},"default_security_group_id":{"sensitive":false,"value":"module.vpc_example_complete-vpc.module.vpc.aws_vpc.this[0].default_security_group_id"},"default_vpc_arn":{"sensitive":false,"value":""},"default_vpc_cidr_block":{"sensitive":false,"value":""},"default_vpc_default_network_acl_id":{"sensitive":false,"value":""},"default_vpc_default_route_table_id":{"sensitive":false,"value":""},"default_vpc_default_security_group_id":{"sensitive":false,"value":""},"default_vpc_enable_dns_hostnames":{"sensitive":false,"value":""},"default_vpc_enable_dns_support":{"sensitive":false,"value":""},"default_vpc_id":{"sensitive":false,"value":""},"default_vpc_instance_tenancy":{"sensitive":false,"value":""},"default_vpc_main_route_table_id":{"sensitive":false,"value":""},"delimiter":{"sensitive":false,"value":"-"},"egress_only_internet_gateway_id":{"sensitive":false,"value":""},"elasticache_network_acl_arn":{"sensitive":false,"value":""},"elasticache_network_acl_id":{"sensitive":false,"value":""},"elasticache_route_table_association_ids":{"sensitive":false,"value":["module.vpc_example_complete-vpc.module.vpc.aws_route_table_association.elasticache[0].id","module.vpc_example_complete-vpc.module.vpc.aws_route_table_association.elasticache[1].id","module.vpc_example_complete-vpc.module.vpc.aws_route_table_association.elasticache[2].id"]},"elasticache_route_table_ids":{"sensitive":false,"value":["module.vpc_example_complete-vpc.module.vpc.aws_route_table.private[0].id"]},"elasticache_subnet_arns":{"sensitive":false,"value":["module.vpc_example_complete-vpc.module.vpc.aws_subnet.elasticache[0].arn","module.vpc_example_complete-vpc.module.vpc.aws_subnet.elasticache[1].arn","module.vpc_example_complete-vpc.module.vpc.aws_subnet.elasticache[2].arn"]},"elasticache_subnet_group":{"sensitive":false,"value":"module.vpc_example_complete-vpc.module.vpc.aws_elasticache_subnet_group.elasticache[0].id"},"elasticache_subnet_group_name":{"sensitive":false,"value":"complete-example"},"elasticache_subnets":{"sensitive":false,"value":["module.vpc_example_complete-vpc.module.vpc.aws_subnet.elasticache[0].id","module.vpc_example_complete-vpc.module.vpc.aws_subnet.elasticache[1].id","module.vpc_example_complete-vpc.module.vpc.aws_subnet.elasticache[2].id"]},"elasticache_subnets_cidr_blocks":{"sensitive":false,"value":["20.10.31.0/24","20.10.32.0/24","20.10.33.0/24"]},"elasticache_subnets_ipv6_cidr_blocks":{"sensitive":false,"value":[null,null,null]},"enabled":{"sensitive":false,"value":true},"endpoints":{"sensitive":false},"environment":{"sensitive":false,"value":""},"hostname":{"sensitive":false,"value":""},"id":{"sensitive":false,"value":"module.ec2-bastion-server.aws_instance.default[0].id"},"id_full":{"sensitive":false,"value":""},"id_length_limit":{"sensitive":false,"value":0},"igw_arn":{"sensitive":false,"value":"module.vpc_example_complete-vpc.module.vpc.aws_internet_gateway.this[0].arn"},"igw_id":{"sensitive":false,"value":"module.vpc_example_complete-vpc.module.vpc.aws_internet_gateway.this[0].id"},"instance_id":{"sensitive":false,"value":"module.ec2-bastion-server.aws_instance.default[0].id"},"intra_network_acl_arn":{"sensitive":false,"value":""},"intra_network_acl_id":{"sensitive":false,"value":""},"intra_route_table_association_ids":{"sensitive":false,"value":["module.vpc_example_complete-vpc.module.vpc.aws_route_table_association.intra[0].id","module.vpc_example_complete-vpc.module.vpc.aws_route_table_association.intra[1].id","module.vpc_example_complete-vpc.module.vpc.aws_route_table_association.intra[2].id"]},"intra_route_table_ids":{"sensitive":false,"value":["module.vpc_example_complete-vpc.module.vpc.aws_route_table.intra[0].id"]},"intra_subnet_arns":{"sensitive":false,"value":["module.vpc_example_complete-vpc.module.vpc.aws_subnet.intra[0].arn","module.vpc_example_complete-vpc.module.vpc.aws_subnet.intra[1].arn","module.vpc_example_complete-vpc.module.vpc.aws_subnet.intra[2].arn"]},"intra_subnets":{"sensitive":false,"value":["module.vpc_example_complete-vpc.module.vpc.aws_subnet.intra[0].id","module.vpc_example_complete-vpc.module.vpc.aws_subnet.intra[1].id","module.vpc_example_complete-vpc.module.vpc.aws_subnet.intra[2].id"]},"intra_subnets_cidr_blocks":{"sensitive":false,"value":["20.10.51.0/24","20.10.52.0/24","20.10.53.0/24"]},"intra_subnets_ipv6_cidr_blocks":{"sensitive":false,"value":[null,null,null]},"label_order":{"sensitive":false,"value":["namespace","environment","stage","name","attributes"]},"name":{"sensitive":false,"value":"test-dev-bastion"},"namespace":{"sensitive":false,"value":"test"},"nat_ids":{"sensitive":false,"value":["module.vpc_example_complete-vpc.module.vpc.aws_eip.nat[0].id"]},"nat_public_ips":{"sensitive":false,"value":["module.vpc_example_complete-vpc.module.vpc.aws_eip.nat[0].public_ip"]},"natgw_ids":{"sensitive":false,"value":["module.vpc_example_complete-vpc.module.vpc.aws_nat_gateway.this[0].id"]},"normalized_context":{"sensitive":false,"value":{"additional_tag_map":{},"attributes":[],"delimiter":"-","enabled":false,"environment":"","id_length_limit":0,"label_key_case":"title","label_order":["namespace","environment","stage","name","attributes"],"label_value_case":"lower","name":"bastion","namespace":"test","regex_replace_chars":"/[^-a-zA-Z0-9]/","stage":"dev","tags":{"Name":"test-dev-bastion","Namespace":"test","Stage":"dev"}}},"outpost_network_acl_arn":{"sensitive":false,"value":""},"outpost_network_acl_id":{"sensitive":false,"value":""},"outpost_subnet_arns":{"sensitive":false,"value":[]},"outpost_subnets":{"sensitive":false,"value":[]},"outpost_subnets_cidr_blocks":{"sensitive":false,"value":[]},"outpost_subnets_ipv6_cidr_blocks":{"sensitive":false,"value":[]},"private_dns":{"sensitive":false,"value":"module.ec2-bastion-server.aws_instance.default[0].private_dns"},"private_ip":{"sensitive":false,"value":"module.ec2-bastion-server.aws_instance.default[0].private_ip"},"private_ipv6_egress_route_ids":{"sensitive":false,"value":[]},"private_nat_gateway_route_ids":{"sensitive":false,"value":["module.vpc_example_complete-vpc.module.vpc.aws_route.private_nat_gateway[0].id"]},"private_network_acl_arn":{"sensitive":false,"value":""},"private_network_acl_id":{"sensitive":false,"value":""},"private_route_table_association_ids":{"sensitive":false,"value":["module.vpc_example_complete-vpc.module.vpc.aws_route_table_association.private[0].id","module.vpc_example_complete-vpc.module.vpc.aws_route_table_association.private[1].id","module.vpc_example_complete-vpc.module.vpc.aws_route_table_association.private[2].id"]},"private_route_table_ids":{"sensitive":false,"value":["module.vpc_example_complete-vpc.module.vpc.aws_route_table.private[0].id"]},"private_subnet_arns":{"sensitive":false,"value":["module.vpc_example_complete-vpc.module.vpc.aws_subnet.private[0].arn","module.vpc_example_complete-vpc.module.vpc.aws_subnet.private[1].arn","module.vpc_example_complete-vpc.module.vpc.aws_subnet.private[2].arn"]},"private_subnets":{"sensitive":false,"value":["module.vpc_example_complete-vpc.module.vpc.aws_subnet.private[0].id","module.vpc_example_complete-vpc.module.vpc.aws_subnet.private[1].id","module.vpc_example_complete-vpc.module.vpc.aws_subnet.private[2].id"]},"private_subnets_cidr_blocks":{"sensitive":false,"value":["20.10.1.0/24","20.10.2.0/24","20.10.3.0/24"]},"private_subnets_ipv6_cidr_blocks":{"sensitive":false,"value":[null,null,null]},"public_dns":{"sensitive":false,"value":"ec2-module-ec2-bastion-server-aws_eip-default[0]-public_ip.compute-1.amazonaws.com"},"public_internet_gateway_ipv6_route_id":{"sensitive":false,"value":""},"public_internet_gateway_route_id":{"sensitive":false,"value":"module.vpc_example_complete-vpc.module.vpc.aws_route.public_internet_gateway[0].id"},"public_ip":{"sensitive":false,"value":"module.ec2-bastion-server.aws_eip.default[0].public_ip"},"public_network_acl_arn":{"sensitive":false,"value":""},"public_network_acl_id":{"sensitive":false,"value":""},"public_route_table_association_ids":{"sensitive":false,"value":["module.vpc_example_complete-vpc.module.vpc.aws_route_table_association.public[0].id","module.vpc_example_complete-vpc.module.vpc.aws_route_table_association.public[1].id","module.vpc_example_complete-vpc.module.vpc.aws_route_table_association.public[2].id"]},"public_route_table_ids":{"sensitive":false,"value":["module.vpc_example_complete-vpc.module.vpc.aws_route_table.public[0].id"]},"public_subnet_arns":{"sensitive":false,"value":["module.vpc_example_complete-vpc.module.vpc.aws_subnet.public[0].arn","module.vpc_example_complete-vpc.module.vpc.aws_subnet.public[1].arn","module.vpc_example_complete-vpc.module.vpc.aws_subnet.public[2].arn"]},"public_subnets":{"sensitive":false,"value":["module.vpc_example_complete-vpc.module.vpc.aws_subnet.public[0].id","module.vpc_example_complete-vpc.module.vpc.aws_subnet.public[1].id","module.vpc_example_complete-vpc.module.vpc.aws_subnet.public[2].id"]},"public_subnets_cidr_blocks":{"sensitive":false,"value":["20.10.11.0/24","20.10.12.0/24","20.10.13.0/24"]},"public_subnets_ipv6_cidr_blocks":{"sensitive":false,"value":[null,null,null]},"redshift_network_acl_arn":{"sensitive":false,"value":""},"redshift_network_acl_id":{"sensitive":false,"value":""},"redshift_public_route_table_association_ids":{"sensitive":false,"value":[]},"redshift_route_table_association_ids":{"sensitive":false,"value":["module.vpc_example_complete-vpc.module.vpc.aws_route_table_association.redshift[0].id","module.vpc_example_complete-vpc.module.vpc.aws_route_table_association.redshift[1].id","module.vpc_example_complete-vpc.module.vpc.aws_route_table_association.redshift[2].id"]},"redshift_route_table_ids":{"sensitive":false,"value":["module.vpc_example_complete-vpc.module.vpc.aws_route_table.private[0].id"]},"redshift_subnet_arns":{"sensitive":false,"value":["module.vpc_example_complete-vpc.module.vpc.aws_subnet.redshift[0].arn","module.vpc_example_complete-vpc.module.vpc.aws_subnet.redshift[1].arn","module.vpc_example_complete-vpc.module.vpc.aws_subnet.redshift[2].arn"]},"redshift_subnet_group":{"sensitive":false,"value":"module.vpc_example_complete-vpc.module.vpc.aws_redshift_subnet_group.redshift[0].id"},"redshift_subnets":{"sensitive":false,"value":["module.vpc_example_complete-vpc.module.vpc.aws_subnet.redshift[0].id","module.vpc_example_complete-vpc.module.vpc.aws_subnet.redshift[1].id","module.vpc_example_complete-vpc.module.vpc.aws_subnet.redshift[2].id"]},"redshift_subnets_cidr_blocks":{"sensitive":false,"value":["20.10.41.0/24","20.10.42.0/24","20.10.43.0/24"]},"redshift_subnets_ipv6_cidr_blocks":{"sensitive":false,"value":[null,null,null]},"regex_replace_chars":{"sensitive":false,"value":"/[^-a-zA-Z0-9]/"},"role":{"sensitive":false,"value":"test-dev-bastion"},"security_group_arn":{"sensitive":false,"value":"module.ec2-bastion-server.module.security_group.aws_security_group.default[0].arn"},"security_group_id":{"sensitive":false,"value":"module.ec2-bastion-server.module.security_group.aws_security_group.default[0].id"},"security_group_ids":{"sensitive":false,"value":["module.ec2-bastion-server.module.security_group.aws_security_group.default[0].id"]},"security_group_name":{"sensitive":false,"value":"test-dev-bastion"},"ssh_user":{"sensitive":false,"value":"ec2user"},"stage":{"sensitive":false,"value":""},"tags":{"sensitive":false,"value":{}},"tags_as_list_of_maps":{"sensitive":false,"value":[{"key":"Name","value":"test-dev-bastion"},{"key":"Namespace","value":"test"},{"key":"Stage","value":"dev"}]},"this_customer_gateway":{"sensitive":false,"value":{"IP1":{"arn":"module.vpc_example_complete-vpc.module.vpc.aws_customer_gateway.this[IP1].arn","bgp_asn":"65112","device_name":"module.vpc_example_complete-vpc.module.vpc.aws_customer_gateway.this[IP1].device_name","id":"module.vpc_example_complete-vpc.module.vpc.aws_customer_gateway.this[IP1].id","ip_address":"1.2.3.4","tags":{"Environment":"staging","Name":"complete","Owner":"user"},"tags_all":{"Environment":"staging","Name":"complete","Owner":"user"},"type":"ipsec.1"},"IP2":{"arn":"module.vpc_example_complete-vpc.module.vpc.aws_customer_gateway.this[IP2].arn","bgp_asn":"65112","device_name":"module.vpc_example_complete-vpc.module.vpc.aws_customer_gateway.this[IP2].device_name","id":"module.vpc_example_complete-vpc.module.vpc.aws_customer_gateway.this[IP2].id","ip_address":"5.6.7.8","tags":{"Environment":"staging","Name":"complete","Owner":"user"},"tags_all":{"Environment":"staging","Name":"complete","Owner":"user"},"type":"ipsec.1"}}},"vgw_arn":{"sensitive":false,"value":"module.vpc_example_complete-vpc.module.vpc.aws_vpn_gateway.this[0].arn"},"vgw_id":{"sensitive":false,"value":"module.vpc_example_complete-vpc.module.vpc.aws_vpn_gateway.this[0].id"},"vpc_arn":{"sensitive":false,"value":"module.vpc_example_complete-vpc.module.vpc.aws_vpc.this[0].arn"},"vpc_cidr_block":{"sensitive":false,"value":"20.10.0.0/16"},"vpc_enable_dns_hostnames":{"sensitive":false,"value":true},"vpc_enable_dns_support":{"sensitive":false,"value":true},"vpc_endpoint_lambda_dns_entry":{"sensitive":false},"vpc_endpoint_lambda_id":{"sensitive":false,"value":"module.vpc_example_complete-vpc.module.vpc_endpoints.aws_vpc_endpoint.this[lambda].id"},"vpc_endpoint_lambda_network_interface_ids":{"sensitive":false},"vpc_endpoint_ssm_dns_entry":{"sensitive":false},"vpc_endpoint_ssm_id":{"sensitive":false,"value":"module.vpc_example_complete-vpc.module.vpc_endpoints.aws_vpc_endpoint.this[ssm].id"},"vpc_endpoint_ssm_network_interface_ids":{"sensitive":false},"vpc_flow_log_cloudwatch_iam_role_arn":{"sensitive":false,"value":"module.vpc_example_complete-vpc.module.vpc.aws_iam_role.vpc_flow_log_cloudwatch[0].arn"},"vpc_flow_log_destination_arn":{"sensitive":false,"value":"module.vpc_example_complete-vpc.module.vpc.aws_cloudwatch_log_group.flow_log[0].arn"},"vpc_flow_log_destination_type":{"sensitive":false,"value":"cloud-watch-logs"},"vpc_flow_log_id":{"sensitive":false,"value":"module.vpc_example_complete-vpc.module.vpc.aws_flow_log.this[0].id"},"vpc_id":{"sensitive":false,"value":"module.vpc_example_complete-vpc.module.vpc.aws_vpc.this[0].id"},"vpc_instance_tenancy":{"sensitive":false,"value":"default"},"vpc_ipv6_association_id":{"sensitive":false,"value":"module.vpc_example_complete-vpc.module.vpc.aws_vpc.this[0].ipv6_association_id"},"vpc_ipv6_cidr_block":{"sensitive":false},"vpc_main_route_table_id":{"sensitive":false,"value":"module.vpc_example_complete-vpc.module.vpc.aws_vpc.this[0].main_route_table_id"},"vpc_owner_id":{"sensitive":false,"value":"module.vpc_example_complete-vpc.module.vpc.aws_vpc.this[0].owner_id"},"vpc_secondary_cidr_blocks":{"sensitive":false,"value":[]}},"root_module":{"child_modules":[{"resources":[{"address":"module.ec2-bastion-server.aws_eip.default[0]","mode":"managed","type":"aws_eip","name":"default","index":0,"provider_name":"registry.terraform.io/hashicorp/aws","schema_version":0,"values":{"address":null,"associate_with_private_ip":null,"customer_owned_ipv4_pool":null,"instance":"module.ec2-bastion-server.aws_instance.default[0].id","tags":{"Name":"test-dev-bastion","Namespace":"test","Stage":"dev"},"tags_all":{"Name":"test-dev-bastion","Namespace":"test","Stage":"dev"},"timeouts":null,"vpc":true}},{"address":"module.ec2-bastion-server.aws_iam_instance_profile.default[0]","mode":"managed","type":"aws_iam_instance_profile","name":"default","index":0,"provider_name":"registry.terraform.io/hashicorp/aws","schema_version":0,"values":{"name":"test-dev-bastion","name_prefix":null,"path":"/","role":"test-dev-bastion","tags":{"Name":"test-dev-bastion","Namespace":"test","Stage":"dev"},"tags_all":{"Name":"test-dev-bastion","Namespace":"test","Stage":"dev"}}},{"address":"module.ec2-bastion-server.aws_iam_role.default[0]","mode":"managed","type":"aws_iam_role","name":"default","index":0,"provider_name":"registry.terraform.io/hashicorp/aws","schema_version":0,"values":{"assume_role_policy":"{\n  \"Version\": \"2012-10-17\",\n  \"Statement\": [\n    {\n      \"Sid\": \"\",\n      \"Effect\": \"Allow\",\n      \"Action\": \"sts:AssumeRole\",\n      \"Principal\": {\n        \"Service\": \"ec2.amazonaws.com\"\n      }\n    }\n  ]\n}","description":null,"force_detach_policies":false,"inline_policy":[],"max_session_duration":3600,"name":"test-dev-bastion","name_prefix":null,"path":"/","permissions_boundary":null,"tags":{"Name":"test-dev-bastion","Namespace":"test","Stage":"dev"},"tags_all":{"Name":"test-dev-bastion","Namespace":"test","Stage":"dev"}}},{"address":"module.ec2-bastion-server.aws_iam_role_policy.main[0]","mode":"managed","type":"aws_iam_role_policy","name":"main","index":0,"provider_name":"registry.terraform.io/hashicorp/aws","schema_version":0,"values":{"name":"test-dev-bastion","name_prefix":null,"policy":"{\n  \"Version\": \"2012-10-17\",\n  \"Statement\": [\n    {\n      \"Sid\": \"\",\n      \"Effect\": \"Allow\",\n      \"Action\": [\n        \"ssm:UpdateInstanceInformation\",\n        \"ssm:UpdateInstanceAssociationStatus\",\n        \"ssm:UpdateAssociationStatus\",\n        \"ssm:PutInventory\",\n        \"ssm:PutConfigurePackageResult\",\n        \"ssm:PutComplianceItems\",\n        \"ssm:ListInstanceAssociations\",\n        \"ssm:ListAssociations\",\n        \"ssm:GetParameters\",\n        \"ssm:GetParameter\",\n        \"ssm:GetManifest\",\n        \"ssm:GetDocument\",\n        \"ssm:GetDeployablePatchSnapshotForInstance\",\n        \"ssm:DescribeDocument\",\n        \"ssm:DescribeAssociation\"\n      ],\n      \"Resource\": \"*\"\n    },\n    {\n      \"Sid\": \"\",\n      \"Effect\": \"Allow\",\n      \"Action\": [\n        \"ssmmessages:OpenDataChannel\",\n        \"ssmmessages:OpenControlChannel\",\n        \"ssmmessages:CreateDataChannel\",\n        \"ssmmessages:CreateControlChannel\"\n      ],\n      \"Resource\": \"*\"\n    },\n    {\n      \"Sid\": \"\",\n      \"Effect\": \"Allow\",\n      \"Action\": [\n        \"ec2messages:SendReply\",\n        \"ec2messages:GetMessages\",\n        \"ec2messages:GetEndpoint\",\n        \"ec2messages:FailMessage\",\n        \"ec2messages:DeleteMessage\",\n        \"ec2messages:AcknowledgeMessage\"\n      ],\n      \"Resource\": \"*\"\n    },\n    {\n      \"Sid\": \"\",\n      \"Effect\": \"Allow\",\n      \"Action\": \"s3:GetEncryptionConfiguration\",\n      \"Resource\": \"*\"\n    }\n  ]\n}","role":"module.ec2-bastion-server.aws_iam_role.default[0].id"}},{"address":"module.ec2-bastion-server.aws_instance.default[0]","mode":"managed","type":"aws_instance","name":"default","index":0,"provider_name":"registry.terraform.io/hashicorp/aws","schema_version":1,"values":{"ami":"ami-0e362514299d32abe","associate_public_ip_address":true,"capacity_reservation_specification":[],"credit_specification":[],"disable_api_termination":false,"ebs_block_device":[],"ebs_optimized":null,"enclave_options":[],"ephemeral_block_device":[],"get_password_data":false,"hibernation":null,"iam_instance_profile":"test-dev-bastion","instance_type":"t2.micro","key_name":"","metadata_options":[{"http_endpoint":"enabled","http_put_response_hop_limit":1,"http_tokens":"required"}],"monitoring":true,"network_interface":[],"root_block_device":[{"delete_on_termination":null,"device_name":null,"encrypted":true,"iops":null,"kms_key_id":null,"tags":null,"throughput":null,"volume_id":null,"volume_size":8,"volume_type":null}],"source_dest_check":true,"subnet_id":"module.vpc_example_complete-vpc.module.vpc.aws_subnet.public[0].id","tags":{"Name":"test-dev-bastion","Namespace":"test","Stage":"dev"},"tags_all":{"Name":"test-dev-bastion","Namespace":"test","Stage":"dev"},"timeouts":null,"user_data":"#!/usr/bin/env bash\nexec \u003e \u003e(tee /var/log/user-data.log | logger -t user-data -s 2\u003e/dev/console) 2\u003e\u00261\n\n##\n## Setup SSH Config\n##\ncat \u003c\u003c\"__EOF__\" \u003e /home/ec2user/.ssh/config\nHost *\n    StrictHostKeyChecking no\n__EOF__\nchmod 600 /home/ec2user/.ssh/config\nchown ec2user:ec2user /home/ec2user/.ssh/config\n\n##\n## Enable SSM\n##\nif [  \"true\" = \"true\" ]\nthen\n    systemctl enable amazon-ssm-agent\n    systemctl start amazon-ssm-agent\n    systemctl status amazon-ssm-agent\nelse\n    systemctl disable amazon-ssm-agent\n    systemctl stop amazon-ssm-agent\n    systemctl status amazon-ssm-agent\nfi\n\n","user_data_base64":null,"volume_tags":null,"vpc_security_group_ids":["module.ec2-bastion-server.module.security_group.aws_security_group.default[0].id"]}}],"address":"module.ec2-bastion-server","child_modules":[{"resources":[{"address":"module.ec2-bastion-server.module.security_group.aws_security_group.default[0]","mode":"managed","type":"aws_security_group","name":"default","index":0,"provider_name":"registry.terraform.io/hashicorp/aws","schema_version":1,"values":{"description":"Bastion host security group","name":"test-dev-bastion","revoke_rules_on_delete":false,"tags":{"Name":"test-dev-bastion","Namespace":"test","Stage":"dev"},"tags_all":{"Name":"test-dev-bastion","Namespace":"test","Stage":"dev"},"timeouts":null,"vpc_id":"module.vpc_example_complete-vpc.module.vpc.aws_vpc.this[0].id"}},{"address":"module.ec2-bastion-server.module.security_group.aws_security_group_rule.default[\"egress--1-0-0-9c87e5e1ed040a443ce1ac8e6d6cf159\"]","mode":"managed","type":"aws_security_group_rule","name":"default","index":"egress--1-0-0-9c87e5e1ed040a443ce1ac8e6d6cf159","provider_name":"registry.terraform.io/hashicorp/aws","schema_version":2,"values":{"cidr_blocks":["0.0.0.0/0"],"description":"Allow all outbound traffic","from_port":0,"ipv6_cidr_blocks":null,"prefix_list_ids":null,"protocol":"-1","security_group_id":"module.ec2-bastion-server.module.security_group.aws_security_group.default[0].id","self":false,"to_port":0,"type":"egress"}},{"address":"module.ec2-bastion-server.module.security_group.aws_security_group_rule.default[\"ingress-tcp-22-22-423a6669f6ad4c36d49b47a12e248189\"]","mode":"managed","type":"aws_security_group_rule","name":"default","index":"ingress-tcp-22-22-423a6669f6ad4c36d49b47a12e248189","provider_name":"registry.terraform.io/hashicorp/aws","schema_version":2,"values":{"cidr_blocks":["0.0.0.0/0"],"description":"Allow all inbound to SSH","from_port":22,"ipv6_cidr_blocks":null,"prefix_list_ids":null,"protocol":"tcp","security_group_id":"module.ec2-bastion-server.module.security_group.aws_security_group.default[0].id","self":false,"to_port":22,"type":"ingress"}}],"address":"module.ec2-bastion-server.module.security_group"}]},{"resources":[{"address":"module.vpc_example_complete-vpc.data.aws_security_group.default","mode":"data","type":"aws_security_group","name":"default","provider_name":"registry.terraform.io/hashicorp/aws","schema_version":0,"values":{"filter":[],"name":"default","vpc_id":"module.vpc_example_complete-vpc.module.vpc.aws_vpc.this[0].id"}}],"address":"module.vpc_example_complete-vpc","child_modules":[{"resources":[{"address":"module.vpc_example_complete-vpc.module.vpc.aws_cloudwatch_log_group.flow_log[0]","mode":"managed","type":"aws_cloudwatch_log_group","name":"flow_log","index":0,"provider_name":"registry.terraform.io/hashicorp/aws","schema_version":0,"values":{"kms_key_id":null,"name":"/aws/vpc-flow-log/module.vpc_example_complete-vpc.module.vpc.aws_vpc.this[0].id","name_prefix":null,"retention_in_days":0,"tags":{"Environment":"staging","Name":"complete","Owner":"user"},"tags_all":{"Environment":"staging","Name":"complete","Owner":"user"}}},{"address":"module.vpc_example_complete-vpc.module.vpc.aws_customer_gateway.this[\"IP1\"]","mode":"managed","type":"aws_customer_gateway","name":"this","index":"IP1","provider_name":"registry.terraform.io/hashicorp/aws","schema_version":0,"values":{"bgp_asn":"65112","device_name":null,"ip_address":"1.2.3.4","tags":{"Environment":"staging","Name":"complete","Owner":"user"},"tags_all":{"Environment":"staging","Name":"complete","Owner":"user"},"type":"ipsec.1"}},{"address":"module.vpc_example_complete-vpc.module.vpc.aws_customer_gateway.this[\"IP2\"]","mode":"managed","type":"aws_customer_gateway","name":"this","index":"IP2","provider_name":"registry.terraform.io/hashicorp/aws","schema_version":0,"values":{"bgp_asn":"65112","device_name":null,"ip_address":"5.6.7.8","tags":{"Environment":"staging","Name":"complete","Owner":"user"},"tags_all":{"Environment":"staging","Name":"complete","Owner":"user"},"type":"ipsec.1"}},{"address":"module.vpc_example_complete-vpc.module.vpc.aws_default_route_table.default[0]","mode":"managed","type":"aws_default_route_table","name":"default","index":0,"provider_name":"registry.terraform.io/hashicorp/aws","schema_version":0,"values":{"default_route_table_id":"module.vpc_example_complete-vpc.module.vpc.aws_vpc.this[0].default_route_table_id","propagating_vgws":[],"tags":{"DefaultRouteTable":"true","Environment":"staging","Name":"complete","Owner":"user"},"tags_all":{"DefaultRouteTable":"true","Environment":"staging","Name":"complete","Owner":"user"}}},{"address":"module.vpc_example_complete-vpc.module.vpc.aws_default_security_group.this[0]","mode":"managed","type":"aws_default_security_group","name":"this","index":0,"provider_name":"registry.terraform.io/hashicorp/aws","schema_version":1,"values":{"revoke_rules_on_delete":false,"tags":{"Environment":"staging","Name":"complete","Owner":"user"},"tags_all":{"Environment":"staging","Name":"complete","Owner":"user"},"vpc_id":"module.vpc_example_complete-vpc.module.vpc.aws_vpc.this[0].id"}},{"address":"module.vpc_example_complete-vpc.module.vpc.aws_eip.nat[0]","mode":"managed","type":"aws_eip","name":"nat","index":0,"provider_name":"registry.terraform.io/hashicorp/aws","schema_version":0,"values":{"address":null,"associate_with_private_ip":null,"customer_owned_ipv4_pool":null,"tags":{"Environment":"staging","Name":"complete","Owner":"user"},"tags_all":{"Environment":"staging","Name":"complete","Owner":"user"},"timeouts":null,"vpc":true}},{"address":"module.vpc_example_complete-vpc.module.vpc.aws_elasticache_subnet_group.elasticache[0]","mode":"managed","type":"aws_elasticache_subnet_group","name":"elasticache","index":0,"provider_name":"registry.terraform.io/hashicorp/aws","schema_version":0,"values":{"description":"ElastiCache subnet group for complete-example","name":"complete-example","subnet_ids":["module.vpc_example_complete-vpc.module.vpc.aws_subnet.elasticache[0].id","module.vpc_example_complete-vpc.module.vpc.aws_subnet.elasticache[1].id","module.vpc_example_complete-vpc.module.vpc.aws_subnet.elasticache[2].id"],"tags":null}},{"address":"module.vpc_example_complete-vpc.module.vpc.aws_flow_log.this[0]","mode":"managed","type":"aws_flow_log","name":"this","index":0,"provider_name":"registry.terraform.io/hashicorp/aws","schema_version":0,"values":{"eni_id":null,"iam_role_arn":"module.vpc_example_complete-vpc.module.vpc.aws_iam_role.vpc_flow_log_cloudwatch[0].arn","log_destination":"module.vpc_example_complete-vpc.module.vpc.aws_cloudwatch_log_group.flow_log[0].arn","log_destination_type":"cloud-watch-logs","max_aggregation_interval":60,"subnet_id":null,"tags":{"Environment":"staging","Name":"complete","Owner":"user"},"tags_all":{"Environment":"staging","Name":"complete","Owner":"user"},"traffic_type":"ALL","vpc_id":"module.vpc_example_complete-vpc.module.vpc.aws_vpc.this[0].id"}},{"address":"module.vpc_example_complete-vpc.module.vpc.aws_iam_policy.vpc_flow_log_cloudwatch[0]","mode":"managed","type":"aws_iam_policy","name":"vpc_flow_log_cloudwatch","index":0,"provider_name":"registry.terraform.io/hashicorp/aws","schema_version":0,"values":{"description":null,"name_prefix":"vpc-flow-log-to-cloudwatch-","path":"/","policy":"{\n  \"Version\": \"2012-10-17\",\n  \"Statement\": [\n    {\n      \"Sid\": \"AWSVPCFlowLogsPushToCloudWatch\",\n      \"Effect\": \"Allow\",\n      \"Action\": [\n        \"logs:PutLogEvents\",\n        \"logs:DescribeLogStreams\",\n        \"logs:DescribeLogGroups\",\n        \"logs:CreateLogStream\"\n      ],\n      \"Resource\": \"*\"\n    }\n  ]\n}","tags":null}},{"address":"module.vpc_example_complete-vpc.module.vpc.aws_iam_role.vpc_flow_log_cloudwatch[0]","mode":"managed","type":"aws_iam_role","name":"vpc_flow_log_cloudwatch","index":0,"provider_name":"registry.terraform.io/hashicorp/aws","schema_version":0,"values":{"assume_role_policy":"{\n  \"Version\": \"2012-10-17\",\n  \"Statement\": [\n    {\n      \"Sid\": \"\",\n      \"Effect\": \"Allow\",\n      \"Action\": \"sts:AssumeRole\",\n      \"Principal\": {\n        \"Service\": \"vpc-flow-logs.amazonaws.com\"\n      }\n    }\n  ]\n}","description":null,"force_detach_policies":false,"inline_policy":[],"max_session_duration":3600,"name_prefix":"vpc-flow-log-role-","path":"/","permissions_boundary":null,"tags":{"Environment":"staging","Name":"complete","Owner":"user"},"tags_all":{"Environment":"staging","Name":"complete","Owner":"user"}}},{"address":"module.vpc_example_complete-vpc.module.vpc.aws_iam_role_policy_attachment.vpc_flow_log_cloudwatch[0]","mode":"managed","type":"aws_iam_role_policy_attachment","name":"vpc_flow_log_cloudwatch","index":0,"provider_name":"registry.terraform.io/hashicorp/aws","schema_version":0,"values":{"policy_arn":"module.vpc_example_complete-vpc.module.vpc.aws_iam_policy.vpc_flow_log_cloudwatch[0].arn","role":"module.vpc_example_complete-vpc.module.vpc.aws_iam_role.vpc_flow_log_cloudwatch[0].name"}},{"address":"module.vpc_example_complete-vpc.module.vpc.aws_internet_gateway.this[0]","mode":"managed","type":"aws_internet_gateway","name":"this","index":0,"provider_name":"registry.terraform.io/hashicorp/aws","schema_version":0,"values":{"tags":{"Environment":"staging","Name":"complete","Owner":"user"},"tags_all":{"Environment":"staging","Name":"complete","Owner":"user"},"vpc_id":"module.vpc_example_complete-vpc.module.vpc.aws_vpc.this[0].id"}},{"address":"module.vpc_example_complete-vpc.module.vpc.aws_nat_gateway.this[0]","mode":"managed","type":"aws_nat_gateway","name":"this","index":0,"provider_name":"registry.terraform.io/hashicorp/aws","schema_version":0,"values":{"allocation_id":"module.vpc_example_complete-vpc.module.vpc.aws_eip.nat[0].id","connectivity_type":"public","subnet_id":"module.vpc_example_complete-vpc.module.vpc.aws_subnet.public[0].id","tags":{"Environment":"staging","Name":"complete","Owner":"user"},"tags_all":{"Environment":"staging","Name":"complete","Owner":"user"}}},{"address":"module.vpc_example_complete-vpc.module.vpc.aws_redshift_subnet_group.redshift[0]","mode":"managed","type":"aws_redshift_subnet_group","name":"redshift","index":0,"provider_name":"registry.terraform.io/hashicorp/aws","schema_version":0,"values":{"description":"Redshift subnet group for complete-example","name":"complete-example","subnet_ids":["module.vpc_example_complete-vpc.module.vpc.aws_subnet.redshift[0].id","module.vpc_example_complete-vpc.module.vpc.aws_subnet.redshift[1].id","module.vpc_example_complete-vpc.module.vpc.aws_subnet.redshift[2].id"],"tags":{"Environment":"staging","Name":"complete","Owner":"user"},"tags_all":{"Environment":"staging","Name":"complete","Owner":"user"}}},{"address":"module.vpc_example_complete-vpc.module.vpc.aws_route.private_nat_gateway[0]","mode":"managed","type":"aws_route","name":"private_nat_gateway","index":0,"provider_name":"registry.terraform.io/hashicorp/aws","schema_version":0,"values":{"carrier_gateway_id":null,"destination_cidr_block":"0.0.0.0/0","destination_ipv6_cidr_block":null,"destination_prefix_list_id":null,"egress_only_gateway_id":null,"gateway_id":null,"local_gateway_id":null,"nat_gateway_id":"module.vpc_example_complete-vpc.module.vpc.aws_nat_gateway.this[0].id","route_table_id":"module.vpc_example_complete-vpc.module.vpc.aws_route_table.private[0].id","timeouts":{"create":"5m","delete":null},"transit_gateway_id":null,"vpc_endpoint_id":null,"vpc_peering_connection_id":null}},{"address":"module.vpc_example_complete-vpc.module.vpc.aws_route.public_internet_gateway[0]","mode":"managed","type":"aws_route","name":"public_internet_gateway","index":0,"provider_name":"registry.terraform.io/hashicorp/aws","schema_version":0,"values":{"carrier_gateway_id":null,"destination_cidr_block":"0.0.0.0/0","destination_ipv6_cidr_block":null,"destination_prefix_list_id":null,"egress_only_gateway_id":null,"gateway_id":"module.vpc_example_complete-vpc.module.vpc.aws_internet_gateway.this[0].id","local_gateway_id":null,"nat_gateway_id":null,"route_table_id":"module.vpc_example_complete-vpc.module.vpc.aws_route_table.public[0].id","timeouts":{"create":"5m","delete":null},"transit_gateway_id":null,"vpc_endpoint_id":null,"vpc_peering_connection_id":null}},{"address":"module.vpc_example_complete-vpc.module.vpc.aws_route_table.intra[0]","mode":"managed","type":"aws_route_table","name":"intra","index":0,"provider_name":"registry.terraform.io/hashicorp/aws","schema_version":0,"values":{"tags":{"Environment":"staging","Name":"complete","Owner":"user"},"tags_all":{"Environment":"staging","Name":"complete","Owner":"user"},"vpc_id":"module.vpc_example_complete-vpc.module.vpc.aws_vpc.this[0].id"}},{"address":"module.vpc_example_complete-vpc.module.vpc.aws_route_table.private[0]","mode":"managed","type":"aws_route_table","name":"private","index":0,"provider_name":"registry.terraform.io/hashicorp/aws","schema_version":0,"values":{"tags":{"Environment":"staging","Name":"complete","Owner":"user"},"tags_all":{"Environment":"staging","Name":"complete","Owner":"user"},"vpc_id":"module.vpc_example_complete-vpc.module.vpc.aws_vpc.this[0].id"}},{"address":"module.vpc_example_complete-vpc.module.vpc.aws_route_table.public[0]","mode":"managed","type":"aws_route_table","name":"public","index":0,"provider_name":"registry.terraform.io/hashicorp/aws","schema_version":0,"values":{"tags":{"Environment":"staging","Name":"complete","Owner":"user"},"tags_all":{"Environment":"staging","Name":"complete","Owner":"user"},"vpc_id":"module.vpc_example_complete-vpc.module.vpc.aws_vpc.this[0].id"}},{"address":"module.vpc_example_complete-vpc.module.vpc.aws_route_table_association.database[0]","mode":"managed","type":"aws_route_table_association","name":"database","index":0,"provider_name":"registry.terraform.io/hashicorp/aws","schema_version":0,"values":{"gateway_id":null,"route_table_id":"module.vpc_example_complete-vpc.module.vpc.aws_route_table.private[0].id","subnet_id":"module.vpc_example_complete-vpc.module.vpc.aws_subnet.database[0].id"}},{"address":"module.vpc_example_complete-vpc.module.vpc.aws_route_table_association.database[1]","mode":"managed","type":"aws_route_table_association","name":"database","index":1,"provider_name":"registry.terraform.io/hashicorp/aws","schema_version":0,"values":{"gateway_id":null,"route_table_id":"module.vpc_example_complete-vpc.module.vpc.aws_route_table.private[0].id","subnet_id":"module.vpc_example_complete-vpc.module.vpc.aws_subnet.database[1].id"}},{"address":"module.vpc_example_complete-vpc.module.vpc.aws_route_table_association.database[2]","mode":"managed","type":"aws_route_table_association","name":"database","index":2,"provider_name":"registry.terraform.io/hashicorp/aws","schema_version":0,"values":{"gateway_id":null,"route_table_id":"module.vpc_example_complete-vpc.module.vpc.aws_route_table.private[0].id","subnet_id":"module.vpc_example_complete-vpc.module.vpc.aws_subnet.database[2].id"}},{"address":"module.vpc_example_complete-vpc.module.vpc.aws_route_table_association.elasticache[0]","mode":"managed","type":"aws_route_table_association","name":"elasticache","index":0,"provider_name":"registry.terraform.io/hashicorp/aws","schema_version":0,"values":{"gateway_id":null,"route_table_id":"module.vpc_example_complete-vpc.module.vpc.aws_route_table.private[0].id","subnet_id":"module.vpc_example_complete-vpc.module.vpc.aws_subnet.elasticache[0].id"}},{"address":"module.vpc_example_complete-vpc.module.vpc.aws_route_table_association.elasticache[1]","mode":"managed","type":"aws_route_table_association","name":"elasticache","index":1,"provider_name":"registry.terraform.io/hashicorp/aws","schema_version":0,"values":{"gateway_id":null,"route_table_id":"module.vpc_example_complete-vpc.module.vpc.aws_route_table.private[0].id","subnet_id":"module.vpc_example_complete-vpc.module.vpc.aws_subnet.elasticache[1].id"}},{"address":"module.vpc_example_complete-vpc.module.vpc.aws_route_table_association.elasticache[2]","mode":"managed","type":"aws_route_table_association","name":"elasticache","index":2,"provider_name":"registry.terraform.io/hashicorp/aws","schema_version":0,"values":{"gateway_id":null,"route_table_id":"module.vpc_example_complete-vpc.module.vpc.aws_route_table.private[0].id","subnet_id":"module.vpc_example_complete-vpc.module.vpc.aws_subnet.elasticache[2].id"}},{"address":"module.vpc_example_complete-vpc.module.vpc.aws_route_table_association.intra[0]","mode":"managed","type":"aws_route_table_association","name":"intra","index":0,"provider_name":"registry.terraform.io/hashicorp/aws","schema_version":0,"values":{"gateway_id":null,"route_table_id":"module.vpc_example_complete-vpc.module.vpc.aws_route_table.intra[0].id","subnet_id":"module.vpc_example_complete-vpc.module.vpc.aws_subnet.intra[0].id"}},{"address":"module.vpc_example_complete-vpc.module.vpc.aws_route_table_association.intra[1]","mode":"managed","type":"aws_route_table_association","name":"intra","index":1,"provider_name":"registry.terraform.io/hashicorp/aws","schema_version":0,"values":{"gateway_id":null,"route_table_id":"module.vpc_example_complete-vpc.module.vpc.aws_route_table.intra[0].id","subnet_id":"module.vpc_example_complete-vpc.module.vpc.aws_subnet.intra[1].id"}},{"address":"module.vpc_example_complete-vpc.module.vpc.aws_route_table_association.intra[2]","mode":"managed","type":"aws_route_table_association","name":"intra","index":2,"provider_name":"registry.terraform.io/hashicorp/aws","schema_version":0,"values":{"gateway_id":null,"route_table_id":"module.vpc_example_complete-vpc.module.vpc.aws_route_table.intra[0].id","subnet_id":"module.vpc_example_complete-vpc.module.vpc.aws_subnet.intra[2].id"}},{"address":"module.vpc_example_complete-vpc.module.vpc.aws_route_table_association.private[0]","mode":"managed","type":"aws_route_table_association","name":"private","index":0,"provider_name":"registry.terraform.io/hashicorp/aws","schema_version":0,"values":{"gateway_id":null,"route_table_id":"module.vpc_example_complete-vpc.module.vpc.aws_route_table.private[0].id","subnet_id":"module.vpc_example_complete-vpc.module.vpc.aws_subnet.private[0].id"}},{"address":"module.vpc_example_complete-vpc.module.vpc.aws_route_table_association.private[1]","mode":"managed","type":"aws_route_table_association","name":"private","index":1,"provider_name":"registry.terraform.io/hashicorp/aws","schema_version":0,"values":{"gateway_id":null,"route_table_id":"module.vpc_example_complete-vpc.module.vpc.aws_route_table.private[0].id","subnet_id":"module.vpc_example_complete-vpc.module.vpc.aws_subnet.private[1].id"}},{"address":"module.vpc_example_complete-vpc.module.vpc.aws_route_table_association.private[2]","mode":"managed","type":"aws_route_table_association","name":"private","index":2,"provider_name":"registry.terraform.io/hashicorp/aws","schema_version":0,"values":{"gateway_id":null,"route_table_id":"module.vpc_example_complete-vpc.module.vpc.aws_route_table.private[0].id","subnet_id":"module.vpc_example_complete-vpc.module.vpc.aws_subnet.private[2].id"}},{"address":"module.vpc_example_complete-vpc.module.vpc.aws_route_table_association.public[0]","mode":"managed","type":"aws_route_table_association","name":"public","index":0,"provider_name":"registry.terraform.io/hashicorp/aws","schema_version":0,"values":{"gateway_id":null,"route_table_id":"module.vpc_example_complete-vpc.module.vpc.aws_route_table.public[0].id","subnet_id":"module.vpc_example_complete-vpc.module.vpc.aws_subnet.public[0].id"}},{"address":"module.vpc_example_complete-vpc.module.vpc.aws_route_table_association.public[1]","mode":"managed","type":"aws_route_table_association","name":"public","index":1,"provider_name":"registry.terraform.io/hashicorp/aws","schema_version":0,"values":{"gateway_id":null,"route_table_id":"module.vpc_example_complete-vpc.module.vpc.aws_route_table.public[0].id","subnet_id":"module.vpc_example_complete-vpc.module.vpc.aws_subnet.public[1].id"}},{"address":"module.vpc_example_complete-vpc.module.vpc.aws_route_table_association.public[2]","mode":"managed","type":"aws_route_table_association","name":"public","index":2,"provider_name":"registry.terraform.io/hashicorp/aws","schema_version":0,"values":{"gateway_id":null,"route_table_id":"module.vpc_example_complete-vpc.module.vpc.aws_route_table.public[0].id","subnet_id":"module.vpc_example_complete-vpc.module.vpc.aws_subnet.public[2].id"}},{"address":"module.vpc_example_complete-vpc.module.vpc.aws_route_table_association.redshift[0]","mode":"managed","type":"aws_route_table_association","name":"redshift","index":0,"provider_name":"registry.terraform.io/hashicorp/aws","schema_version":0,"values":{"gateway_id":null,"route_table_id":"module.vpc_example_complete-vpc.module.vpc.aws_route_table.private[0].id","subnet_id":"module.vpc_example_complete-vpc.module.vpc.aws_subnet.redshift[0].id"}},{"address":"module.vpc_example_complete-vpc.module.vpc.aws_route_table_association.redshift[1]","mode":"managed","type":"aws_route_table_association","name":"redshift","index":1,"provider_name":"registry.terraform.io/hashicorp/aws","schema_version":0,"values":{"gateway_id":null,"route_table_id":"module.vpc_example_complete-vpc.module.vpc.aws_route_table.private[0].id","subnet_id":"module.vpc_example_complete-vpc.module.vpc.aws_subnet.redshift[1].id"}},{"address":"module.vpc_example_complete-vpc.module.vpc.aws_route_table_association.redshift[2]","mode":"managed","type":"aws_route_table_association","name":"redshift","index":2,"provider_name":"registry.terraform.io/hashicorp/aws","schema_version":0,"values":{"gateway_id":null,"route_table_id":"module.vpc_example_complete-vpc.module.vpc.aws_route_table.private[0].id","subnet_id":"module.vpc_example_complete-vpc.module.vpc.aws_subnet.redshift[2].id"}},{"address":"module.vpc_example_complete-vpc.module.vpc.aws_subnet.database[0]","mode":"managed","type":"aws_subnet","name":"database","index":0,"provider_name":"registry.terraform.io/hashicorp/aws","schema_version":1,"values":{"assign_ipv6_address_on_creation":false,"availability_zone":"eu-west-1a","cidr_block":"20.10.21.0/24","customer_owned_ipv4_pool":null,"ipv6_cidr_block":null,"map_customer_owned_ip_on_launch":null,"map_public_ip_on_launch":false,"outpost_arn":null,"tags":{"Environment":"staging","Name":"complete","Owner":"user"},"tags_all":{"Environment":"staging","Name":"complete","Owner":"user"},"timeouts":null,"vpc_id":"module.vpc_example_complete-vpc.module.vpc.aws_vpc.this[0].id"}},{"address":"module.vpc_example_complete-vpc.module.vpc.aws_subnet.database[1]","mode":"managed","type":"aws_subnet","name":"database","index":1,"provider_name":"registry.terraform.io/hashicorp/aws","schema_version":1,"values":{"assign_ipv6_address_on_creation":false,"availability_zone":"eu-west-1b","cidr_block":"20.10.22.0/24","customer_owned_ipv4_pool":null,"ipv6_cidr_block":null,"map_customer_owned_ip_on_launch":null,"map_public_ip_on_launch":false,"outpost_arn":null,"tags":{"Environment":"staging","Name":"complete","Owner":"user"},"tags_all":{"Environment":"staging","Name":"complete","Owner":"user"},"timeouts":null,"vpc_id":"module.vpc_example_complete-vpc.module.vpc.aws_vpc.this[0].id"}},{"address":"module.vpc_example_complete-vpc.module.vpc.aws_subnet.database[2]","mode":"managed","type":"aws_subnet","name":"database","index":2,"provider_name":"registry.terraform.io/hashicorp/aws","schema_version":1,"values":{"assign_ipv6_address_on_creation":false,"availability_zone":"eu-west-1c","cidr_block":"20.10.23.0/24","customer_owned_ipv4_pool":null,"ipv6_cidr_block":null,"map_customer_owned_ip_on_launch":null,"map_public_ip_on_launch":false,"outpost_arn":null,"tags":{"Environment":"staging","Name":"complete","Owner":"user"},"tags_all":{"Environment":"staging","Name":"complete","Owner":"user"},"timeouts":null,"vpc_id":"module.vpc_example_complete-vpc.module.vpc.aws_vpc.this[0].id"}},{"address":"module.vpc_example_complete-vpc.module.vpc.aws_subnet.elasticache[0]","mode":"managed","type":"aws_subnet","name":"elasticache","index":0,"provider_name":"registry.terraform.io/hashicorp/aws","schema_version":1,"values":{"assign_ipv6_address_on_creation":false,"availability_zone":"eu-west-1a","cidr_block":"20.10.31.0/24","customer_owned_ipv4_pool":null,"ipv6_cidr_block":null,"map_customer_owned_ip_on_launch":null,"map_public_ip_on_launch":false,"outpost_arn":null,"tags":{"Environment":"staging","Name":"complete","Owner":"user"},"tags_all":{"Environment":"staging","Name":"complete","Owner":"user"},"timeouts":null,"vpc_id":"module.vpc_example_complete-vpc.module.vpc.aws_vpc.this[0].id"}},{"address":"module.vpc_example_complete-vpc.module.vpc.aws_subnet.elasticache[1]","mode":"managed","type":"aws_subnet","name":"elasticache","index":1,"provider_name":"registry.terraform.io/hashicorp/aws","schema_version":1,"values":{"assign_ipv6_address_on_creation":false,"availability_zone":"eu-west-1b","cidr_block":"20.10.32.0/24","customer_owned_ipv4_pool":null,"ipv6_cidr_block":null,"map_customer_owned_ip_on_launch":null,"map_public_ip_on_launch":false,"outpost_arn":null,"tags":{"Environment":"staging","Name":"complete","Owner":"user"},"tags_all":{"Environment":"staging","Name":"complete","Owner":"user"},"timeouts":null,"vpc_id":"module.vpc_example_complete-vpc.module.vpc.aws_vpc.this[0].id"}},{"address":"module.vpc_example_complete-vpc.module.vpc.aws_subnet.elasticache[2]","mode":"managed","type":"aws_subnet","name":"elasticache","index":2,"provider_name":"registry.terraform.io/hashicorp/aws","schema_version":1,"values":{"assign_ipv6_address_on_creation":false,"availability_zone":"eu-west-1c","cidr_block":"20.10.33.0/24","customer_owned_ipv4_pool":null,"ipv6_cidr_block":null,"map_customer_owned_ip_on_launch":null,"map_public_ip_on_launch":false,"outpost_arn":null,"tags":{"Environment":"staging","Name":"complete","Owner":"user"},"tags_all":{"Environment":"staging","Name":"complete","Owner":"user"},"timeouts":null,"vpc_id":"module.vpc_example_complete-vpc.module.vpc.aws_vpc.this[0].id"}},{"address":"module.vpc_example_complete-vpc.module.vpc.aws_subnet.intra[0]","mode":"managed","type":"aws_subnet","name":"intra","index":0,"provider_name":"registry.terraform.io/hashicorp/aws","schema_version":1,"values":{"assign_ipv6_address_on_creation":false,"availability_zone":"eu-west-1a","cidr_block":"20.10.51.0/24","customer_owned_ipv4_pool":null,"ipv6_cidr_block":null,"map_customer_owned_ip_on_launch":null,"map_public_ip_on_launch":false,"outpost_arn":null,"tags":{"Environment":"staging","Name":"complete","Owner":"user"},"tags_all":{"Environment":"staging","Name":"complete","Owner":"user"},"timeouts":null,"vpc_id":"module.vpc_example_complete-vpc.module.vpc.aws_vpc.this[0].id"}},{"address":"module.vpc_example_complete-vpc.module.vpc.aws_subnet.intra[1]","mode":"managed","type":"aws_subnet","name":"intra","index":1,"provider_name":"registry.terraform.io/hashicorp/aws","schema_version":1,"values":{"assign_ipv6_address_on_creation":false,"availability_zone":"eu-west-1b","cidr_block":"20.10.52.0/24","customer_owned_ipv4_pool":null,"ipv6_cidr_block":null,"map_customer_owned_ip_on_launch":null,"map_public_ip_on_launch":false,"outpost_arn":null,"tags":{"Environment":"staging","Name":"complete","Owner":"user"},"tags_all":{"Environment":"staging","Name":"complete","Owner":"user"},"timeouts":null,"vpc_id":"module.vpc_example_complete-vpc.module.vpc.aws_vpc.this[0].id"}},{"address":"module.vpc_example_complete-vpc.module.vpc.aws_subnet.intra[2]","mode":"managed","type":"aws_subnet","name":"intra","index":2,"provider_name":"registry.terraform.io/hashicorp/aws","schema_version":1,"values":{"assign_ipv6_address_on_creation":false,"availability_zone":"eu-west-1c","cidr_block":"20.10.53.0/24","customer_owned_ipv4_pool":null,"ipv6_cidr_block":null,"map_customer_owned_ip_on_launch":null,"map_public_ip_on_launch":false,"outpost_arn":null,"tags":{"Environment":"staging","Name":"complete","Owner":"user"},"tags_all":{"Environment":"staging","Name":"complete","Owner":"user"},"timeouts":null,"vpc_id":"module.vpc_example_complete-vpc.module.vpc.aws_vpc.this[0].id"}},{"address":"module.vpc_example_complete-vpc.module.vpc.aws_subnet.private[0]","mode":"managed","type":"aws_subnet","name":"private","index":0,"provider_name":"registry.terraform.io/hashicorp/aws","schema_version":1,"values":{"assign_ipv6_address_on_creation":false,"availability_zone":"eu-west-1a","cidr_block":"20.10.1.0/24","customer_owned_ipv4_pool":null,"ipv6_cidr_block":null,"map_customer_owned_ip_on_launch":null,"map_public_ip_on_launch":false,"outpost_arn":null,"tags":{"Environment":"staging","Name":"complete","Owner":"user"},"tags_all":{"Environment":"staging","Name":"complete","Owner":"user"},"timeouts":null,"vpc_id":"module.vpc_example_complete-vpc.module.vpc.aws_vpc.this[0].id"}},{"address":"module.vpc_example_complete-vpc.module.vpc.aws_subnet.private[1]","mode":"managed","type":"aws_subnet","name":"private","index":1,"provider_name":"registry.terraform.io/hashicorp/aws","schema_version":1,"values":{"assign_ipv6_address_on_creation":false,"availability_zone":"eu-west-1b","cidr_block":"20.10.2.0/24","customer_owned_ipv4_pool":null,"ipv6_cidr_block":null,"map_customer_owned_ip_on_launch":null,"map_public_ip_on_launch":false,"outpost_arn":null,"tags":{"Environment":"staging","Name":"complete","Owner":"user"},"tags_all":{"Environment":"staging","Name":"complete","Owner":"user"},"timeouts":null,"vpc_id":"module.vpc_example_complete-vpc.module.vpc.aws_vpc.this[0].id"}},{"address":"module.vpc_example_complete-vpc.module.vpc.aws_subnet.private[2]","mode":"managed","type":"aws_subnet","name":"private","index":2,"provider_name":"registry.terraform.io/hashicorp/aws","schema_version":1,"values":{"assign_ipv6_address_on_creation":false,"availability_zone":"eu-west-1c","cidr_block":"20.10.3.0/24","customer_owned_ipv4_pool":null,"ipv6_cidr_block":null,"map_customer_owned_ip_on_launch":null,"map_public_ip_on_launch":false,"outpost_arn":null,"tags":{"Environment":"staging","Name":"complete","Owner":"user"},"tags_all":{"Environment":"staging","Name":"complete","Owner":"user"},"timeouts":null,"vpc_id":"module.vpc_example_complete-vpc.module.vpc.aws_vpc.this[0].id"}},{"address":"module.vpc_example_complete-vpc.module.vpc.aws_subnet.public[0]","mode":"managed","type":"aws_subnet","name":"public","index":0,"provider_name":"registry.terraform.io/hashicorp/aws","schema_version":1,"values":{"assign_ipv6_address_on_creation":false,"availability_zone":"eu-west-1a","cidr_block":"20.10.11.0/24","customer_owned_ipv4_pool":null,"ipv6_cidr_block":null,"map_customer_owned_ip_on_launch":null,"map_public_ip_on_launch":true,"outpost_arn":null,"tags":{"Environment":"staging","Name":"complete","Owner":"user"},"tags_all":{"Environment":"staging","Name":"complete","Owner":"user"},"timeouts":null,"vpc_id":"module.vpc_example_complete-vpc.module.vpc.aws_vpc.this[0].id"}},{"address":"module.vpc_example_complete-vpc.module.vpc.aws_subnet.public[1]","mode":"managed","type":"aws_subnet","name":"public","index":1,"provider_name":"registry.terraform.io/hashicorp/aws","schema_version":1,"values":{"assign_ipv6_address_on_creation":false,"availability_zone":"eu-west-1b","cidr_block":"20.10.12.0/24","customer_owned_ipv4_pool":null,"ipv6_cidr_block":null,"map_customer_owned_ip_on_launch":null,"map_public_ip_on_launch":true,"outpost_arn":null,"tags":{"Environment":"staging","Name":"complete","Owner":"user"},"tags_all":{"Environment":"staging","Name":"complete","Owner":"user"},"timeouts":null,"vpc_id":"module.vpc_example_complete-vpc.module.vpc.aws_vpc.this[0].id"}},{"address":"module.vpc_example_complete-vpc.module.vpc.aws_subnet.public[2]","mode":"managed","type":"aws_subnet","name":"public","index":2,"provider_name":"registry.terraform.io/hashicorp/aws","schema_version":1,"values":{"assign_ipv6_address_on_creation":false,"availability_zone":"eu-west-1c","cidr_block":"20.10.13.0/24","customer_owned_ipv4_pool":null,"ipv6_cidr_block":null,"map_customer_owned_ip_on_launch":null,"map_public_ip_on_launch":true,"outpost_arn":null,"tags":{"Environment":"staging","Name":"complete","Owner":"user"},"tags_all":{"Environment":"staging","Name":"complete","Owner":"user"},"timeouts":null,"vpc_id":"module.vpc_example_complete-vpc.module.vpc.aws_vpc.this[0].id"}},{"address":"module.vpc_example_complete-vpc.module.vpc.aws_subnet.redshift[0]","mode":"managed","type":"aws_subnet","name":"redshift","index":0,"provider_name":"registry.terraform.io/hashicorp/aws","schema_version":1,"values":{"assign_ipv6_address_on_creation":false,"availability_zone":"eu-west-1a","cidr_block":"20.10.41.0/24","customer_owned_ipv4_pool":null,"ipv6_cidr_block":null,"map_customer_owned_ip_on_launch":null,"map_public_ip_on_launch":false,"outpost_arn":null,"tags":{"Environment":"staging","Name":"complete","Owner":"user"},"tags_all":{"Environment":"staging","Name":"complete","Owner":"user"},"timeouts":null,"vpc_id":"module.vpc_example_complete-vpc.module.vpc.aws_vpc.this[0].id"}},{"address":"module.vpc_example_complete-vpc.module.vpc.aws_subnet.redshift[1]","mode":"managed","type":"aws_subnet","name":"redshift","index":1,"provider_name":"registry.terraform.io/hashicorp/aws","schema_version":1,"values":{"assign_ipv6_address_on_creation":false,"availability_zone":"eu-west-1b","cidr_block":"20.10.42.0/24","customer_owned_ipv4_pool":null,"ipv6_cidr_block":null,"map_customer_owned_ip_on_launch":null,"map_public_ip_on_launch":false,"outpost_arn":null,"tags":{"Environment":"staging","Name":"complete","Owner":"user"},"tags_all":{"Environment":"staging","Name":"complete","Owner":"user"},"timeouts":null,"vpc_id":"module.vpc_example_complete-vpc.module.vpc.aws_vpc.this[0].id"}},{"address":"module.vpc_example_complete-vpc.module.vpc.aws_subnet.redshift[2]","mode":"managed","type":"aws_subnet","name":"redshift","index":2,"provider_name":"registry.terraform.io/hashicorp/aws","schema_version":1,"values":{"assign_ipv6_address_on_creation":false,"availability_zone":"eu-west-1c","cidr_block":"20.10.43.0/24","customer_owned_ipv4_pool":null,"ipv6_cidr_block":null,"map_customer_owned_ip_on_launch":null,"map_public_ip_on_launch":false,"outpost_arn":null,"tags":{"Environment":"staging","Name":"complete","Owner":"user"},"tags_all":{"Environment":"staging","Name":"complete","Owner":"user"},"timeouts":null,"vpc_id":"module.vpc_example_complete-vpc.module.vpc.aws_vpc.this[0].id"}},{"address":"module.vpc_example_complete-vpc.module.vpc.aws_vpc.this[0]","mode":"managed","type":"aws_vpc","name":"this","index":0,"provider_name":"registry.terraform.io/hashicorp/aws","schema_version":1,"values":{"assign_generated_ipv6_cidr_block":false,"cidr_block":"20.10.0.0/16","enable_classiclink":true,"enable_classiclink_dns_support":true,"enable_dns_hostnames":true,"enable_dns_support":true,"instance_tenancy":"default","tags":{"Environment":"staging","Name":"complete","Owner":"user"},"tags_all":{"Environment":"staging","Name":"complete","Owner":"user"}}},{"address":"module.vpc_example_complete-vpc.module.vpc.aws_vpc_dhcp_options.this[0]","mode":"managed","type":"aws_vpc_dhcp_options","name":"this","index":0,"provider_name":"registry.terraform.io/hashicorp/aws","schema_version":0,"values":{"domain_name":"service.consul","domain_name_servers":["127.0.0.1","10.10.0.2"],"netbios_name_servers":[],"netbios_node_type":"","ntp_servers":[],"tags":{"Environment":"staging","Name":"complete","Owner":"user"},"tags_all":{"Environment":"staging","Name":"complete","Owner":"user"}}},{"address":"module.vpc_example_complete-vpc.module.vpc.aws_vpc_dhcp_options_association.this[0]","mode":"managed","type":"aws_vpc_dhcp_options_association","name":"this","index":0,"provider_name":"registry.terraform.io/hashicorp/aws","schema_version":0,"values":{"dhcp_options_id":"module.vpc_example_complete-vpc.module.vpc.aws_vpc_dhcp_options.this[0].id","vpc_id":"module.vpc_example_complete-vpc.module.vpc.aws_vpc.this[0].id"}},{"address":"module.vpc_example_complete-vpc.module.vpc.aws_vpn_gateway.this[0]","mode":"managed","type":"aws_vpn_gateway","name":"this","index":0,"provider_name":"registry.terraform.io/hashicorp/aws","schema_version":0,"values":{"amazon_side_asn":"64512","availability_zone":null,"tags":{"Environment":"staging","Name":"complete","Owner":"user"},"tags_all":{"Environment":"staging","Name":"complete","Owner":"user"},"vpc_id":"module.vpc_example_complete-vpc.module.vpc.aws_vpc.this[0].id"}}],"address":"module.vpc_example_complete-vpc.module.vpc"},{"resources":[{"address":"module.vpc_example_complete-vpc.module.vpc_endpoints.aws_vpc_endpoint.this[\"codedeploy\"]","mode":"managed","type":"aws_vpc_endpoint","name":"this","index":"codedeploy","provider_name":"registry.terraform.io/hashicorp/aws","schema_version":0,"values":{"private_dns_enabled":true,"security_group_ids":["module.vpc_example_complete-vpc.data.aws_security_group.default.id"],"service_name":"module.vpc_example_complete-vpc.module.vpc_endpoints.data.aws_vpc_endpoint_service.this[codedeploy].service_name","subnet_ids":["module.vpc_example_complete-vpc.module.vpc.aws_subnet.private[0].id","module.vpc_example_complete-vpc.module.vpc.aws_subnet.private[1].id","module.vpc_example_complete-vpc.module.vpc.aws_subnet.private[2].id"],"tags":{"Endpoint":"true","Environment":"staging","Name":"complete","Owner":"user","Project":"Secret"},"timeouts":{"create":"10m","delete":"10m","update":"10m"},"vpc_endpoint_type":"Interface","vpc_id":"module.vpc_example_complete-vpc.module.vpc.aws_vpc.this[0].id"}},{"address":"module.vpc_example_complete-vpc.module.vpc_endpoints.aws_vpc_endpoint.this[\"codedeploy_commands_secure\"]","mode":"managed","type":"aws_vpc_endpoint","name":"this","index":"codedeploy_commands_secure","provider_name":"registry.terraform.io/hashicorp/aws","schema_version":0,"values":{"private_dns_enabled":true,"security_group_ids":["module.vpc_example_complete-vpc.data.aws_security_group.default.id"],"service_name":"module.vpc_example_complete-vpc.module.vpc_endpoints.data.aws_vpc_endpoint_service.this[codedeploy_commands_secure].service_name","subnet_ids":["module.vpc_example_complete-vpc.module.vpc.aws_subnet.private[0].id","module.vpc_example_complete-vpc.module.vpc.aws_subnet.private[1].id","module.vpc_example_complete-vpc.module.vpc.aws_subnet.private[2].id"],"tags":{"Endpoint":"true","Environment":"staging","Name":"complete","Owner":"user","Project":"Secret"},"timeouts":{"create":"10m","delete":"10m","update":"10m"},"vpc_endpoint_type":"Interface","vpc_id":"module.vpc_example_complete-vpc.module.vpc.aws_vpc.this[0].id"}},{"address":"module.vpc_example_complete-vpc.module.vpc_endpoints.aws_vpc_endpoint.this[\"dynamodb\"]","mode":"managed","type":"aws_vpc_endpoint","name":"this","index":"dynamodb","provider_name":"registry.terraform.io/hashicorp/aws","schema_version":0,"values":{"policy":"{\n  \"Version\": \"2012-10-17\",\n  \"Statement\": [\n    {\n      \"Sid\": \"\",\n      \"Effect\": \"Deny\",\n      \"Action\": \"dynamodb:*\",\n      \"Resource\": \"*\",\n      \"Principal\": \"*\",\n      \"Condition\": {\n        \"StringNotEquals\": {\n          \"aws:sourceVpce\": [\n            \"3674500381\"\n          ]\n        }\n      }\n    }\n  ]\n}","route_table_ids":["module.vpc_example_complete-vpc.module.vpc.aws_route_table.intra[0].id","module.vpc_example_complete-vpc.module.vpc.aws_route_table.private[0].id","module.vpc_example_complete-vpc.module.vpc.aws_route_table.public[0].id"],"service_name":"module.vpc_example_complete-vpc.module.vpc_endpoints.data.aws_vpc_endpoint_service.this[dynamodb].service_name","tags":{"Endpoint":"true","Environment":"staging","Name":"dynamodb-vpc-endpoint","Owner":"user","Project":"Secret"},"timeouts":{"create":"10m","delete":"10m","update":"10m"},"vpc_endpoint_type":"Gateway","vpc_id":"module.vpc_example_complete-vpc.module.vpc.aws_vpc.this[0].id"}},{"address":"module.vpc_example_complete-vpc.module.vpc_endpoints.aws_vpc_endpoint.this[\"ec2\"]","mode":"managed","type":"aws_vpc_endpoint","name":"this","index":"ec2","provider_name":"registry.terraform.io/hashicorp/aws","schema_version":0,"values":{"private_dns_enabled":true,"security_group_ids":["module.vpc_example_complete-vpc.data.aws_security_group.default.id"],"service_name":"module.vpc_example_complete-vpc.module.vpc_endpoints.data.aws_vpc_endpoint_service.this[ec2].service_name","subnet_ids":["module.vpc_example_complete-vpc.module.vpc.aws_subnet.private[0].id","module.vpc_example_complete-vpc.module.vpc.aws_subnet.private[1].id","module.vpc_example_complete-vpc.module.vpc.aws_subnet.private[2].id"],"tags":{"Endpoint":"true","Environment":"staging","Name":"complete","Owner":"user","Project":"Secret"},"timeouts":{"create":"10m","delete":"10m","update":"10m"},"vpc_endpoint_type":"Interface","vpc_id":"module.vpc_example_complete-vpc.module.vpc.aws_vpc.this[0].id"}},{"address":"module.vpc_example_complete-vpc.module.vpc_endpoints.aws_vpc_endpoint.this[\"ec2messages\"]","mode":"managed","type":"aws_vpc_endpoint","name":"this","index":"ec2messages","provider_name":"registry.terraform.io/hashicorp/aws","schema_version":0,"values":{"private_dns_enabled":true,"security_group_ids":["module.vpc_example_complete-vpc.data.aws_security_group.default.id"],"service_name":"module.vpc_example_complete-vpc.module.vpc_endpoints.data.aws_vpc_endpoint_service.this[ec2messages].service_name","subnet_ids":["module.vpc_example_complete-vpc.module.vpc.aws_subnet.private[0].id","module.vpc_example_complete-vpc.module.vpc.aws_subnet.private[1].id","module.vpc_example_complete-vpc.module.vpc.aws_subnet.private[2].id"],"tags":{"Endpoint":"true","Environment":"staging","Name":"complete","Owner":"user","Project":"Secret"},"timeouts":{"create":"10m","delete":"10m","update":"10m"},"vpc_endpoint_type":"Interface","vpc_id":"module.vpc_example_complete-vpc.module.vpc.aws_vpc.this[0].id"}},{"address":"module.vpc_example_complete-vpc.module.vpc_endpoints.aws_vpc_endpoint.this[\"ecr_api\"]","mode":"managed","type":"aws_vpc_endpoint","name":"this","index":"ecr_api","provider_name":"registry.terraform.io/hashicorp/aws","schema_version":0,"values":{"policy":"{\n  \"Version\": \"2012-10-17\",\n  \"Statement\": [\n    {\n      \"Sid\": \"\",\n      \"Effect\": \"Deny\",\n      \"Action\": \"*\",\n      \"Resource\": \"*\",\n      \"Principal\": \"*\",\n      \"Condition\": {\n        \"StringNotEquals\": {\n          \"aws:sourceVpce\": [\n            \"3674500381\"\n          ]\n        }\n      }\n    }\n  ]\n}","private_dns_enabled":true,"security_group_ids":["module.vpc_example_complete-vpc.data.aws_security_group.default.id"],"service_name":"module.vpc_example_complete-vpc.module.vpc_endpoints.data.aws_vpc_endpoint_service.this[ecr_api].service_name","subnet_ids":["module.vpc_example_complete-vpc.module.vpc.aws_subnet.private[0].id","module.vpc_example_complete-vpc.module.vpc.aws_subnet.private[1].id","module.vpc_example_complete-vpc.module.vpc.aws_subnet.private[2].id"],"tags":{"Endpoint":"true","Environment":"staging","Name":"complete","Owner":"user","Project":"Secret"},"timeouts":{"create":"10m","delete":"10m","update":"10m"},"vpc_endpoint_type":"Interface","vpc_id":"module.vpc_example_complete-vpc.module.vpc.aws_vpc.this[0].id"}},{"address":"module.vpc_example_complete-vpc.module.vpc_endpoints.aws_vpc_endpoint.this[\"ecr_dkr\"]","mode":"managed","type":"aws_vpc_endpoint","name":"this","index":"ecr_dkr","provider_name":"registry.terraform.io/hashicorp/aws","schema_version":0,"values":{"policy":"{\n  \"Version\": \"2012-10-17\",\n  \"Statement\": [\n    {\n      \"Sid\": \"\",\n      \"Effect\": \"Deny\",\n      \"Action\": \"*\",\n      \"Resource\": \"*\",\n      \"Principal\": \"*\",\n      \"Condition\": {\n        \"StringNotEquals\": {\n          \"aws:sourceVpce\": [\n            \"3674500381\"\n          ]\n        }\n      }\n    }\n  ]\n}","private_dns_enabled":true,"security_group_ids":["module.vpc_example_complete-vpc.data.aws_security_group.default.id"],"service_name":"module.vpc_example_complete-vpc.module.vpc_endpoints.data.aws_vpc_endpoint_service.this[ecr_dkr].service_name","subnet_ids":["module.vpc_example_complete-vpc.module.vpc.aws_subnet.private[0].id","module.vpc_example_complete-vpc.module.vpc.aws_subnet.private[1].id","module.vpc_example_complete-vpc.module.vpc.aws_subnet.private[2].id"],"tags":{"Endpoint":"true","Environment":"staging","Name":"complete","Owner":"user","Project":"Secret"},"timeouts":{"create":"10m","delete":"10m","update":"10m"},"vpc_endpoint_type":"Interface","vpc_id":"module.vpc_example_complete-vpc.module.vpc.aws_vpc.this[0].id"}},{"address":"module.vpc_example_complete-vpc.module.vpc_endpoints.aws_vpc_endpoint.this[\"ecs\"]","mode":"managed","type":"aws_vpc_endpoint","name":"this","index":"ecs","provider_name":"registry.terraform.io/hashicorp/aws","schema_version":0,"values":{"private_dns_enabled":true,"security_group_ids":["module.vpc_example_complete-vpc.data.aws_security_group.default.id"],"service_name":"module.vpc_example_complete-vpc.module.vpc_endpoints.data.aws_vpc_endpoint_service.this[ecs].service_name","subnet_ids":["module.vpc_example_complete-vpc.module.vpc.aws_subnet.private[0].id","module.vpc_example_complete-vpc.module.vpc.aws_subnet.private[1].id","module.vpc_example_complete-vpc.module.vpc.aws_subnet.private[2].id"],"tags":{"Endpoint":"true","Environment":"staging","Name":"complete","Owner":"user","Project":"Secret"},"timeouts":{"create":"10m","delete":"10m","update":"10m"},"vpc_endpoint_type":"Interface","vpc_id":"module.vpc_example_complete-vpc.module.vpc.aws_vpc.this[0].id"}},{"address":"module.vpc_example_complete-vpc.module.vpc_endpoints.aws_vpc_endpoint.this[\"ecs_telemetry\"]","mode":"managed","type":"aws_vpc_endpoint","name":"this","index":"ecs_telemetry","provider_name":"registry.terraform.io/hashicorp/aws","schema_version":0,"values":{"private_dns_enabled":true,"security_group_ids":["module.vpc_example_complete-vpc.data.aws_security_group.default.id"],"service_name":"module.vpc_example_complete-vpc.module.vpc_endpoints.data.aws_vpc_endpoint_service.this[ecs_telemetry].service_name","subnet_ids":["module.vpc_example_complete-vpc.module.vpc.aws_subnet.private[0].id","module.vpc_example_complete-vpc.module.vpc.aws_subnet.private[1].id","module.vpc_example_complete-vpc.module.vpc.aws_subnet.private[2].id"],"tags":{"Endpoint":"true","Environment":"staging","Name":"complete","Owner":"user","Project":"Secret"},"timeouts":{"create":"10m","delete":"10m","update":"10m"},"vpc_endpoint_type":"Interface","vpc_id":"module.vpc_example_complete-vpc.module.vpc.aws_vpc.this[0].id"}},{"address":"module.vpc_example_complete-vpc.module.vpc_endpoints.aws_vpc_endpoint.this[\"kms\"]","mode":"managed","type":"aws_vpc_endpoint","name":"this","index":"kms","provider_name":"registry.terraform.io/hashicorp/aws","schema_version":0,"values":{"private_dns_enabled":true,"security_group_ids":["module.vpc_example_complete-vpc.data.aws_security_group.default.id"],"service_name":"module.vpc_example_complete-vpc.module.vpc_endpoints.data.aws_vpc_endpoint_service.this[kms].service_name","subnet_ids":["module.vpc_example_complete-vpc.module.vpc.aws_subnet.private[0].id","module.vpc_example_complete-vpc.module.vpc.aws_subnet.private[1].id","module.vpc_example_complete-vpc.module.vpc.aws_subnet.private[2].id"],"tags":{"Endpoint":"true","Environment":"staging","Name":"complete","Owner":"user","Project":"Secret"},"timeouts":{"create":"10m","delete":"10m","update":"10m"},"vpc_endpoint_type":"Interface","vpc_id":"module.vpc_example_complete-vpc.module.vpc.aws_vpc.this[0].id"}},{"address":"module.vpc_example_complete-vpc.module.vpc_endpoints.aws_vpc_endpoint.this[\"lambda\"]","mode":"managed","type":"aws_vpc_endpoint","name":"this","index":"lambda","provider_name":"registry.terraform.io/hashicorp/aws","schema_version":0,"values":{"private_dns_enabled":true,"security_group_ids":["module.vpc_example_complete-vpc.data.aws_security_group.default.id"],"service_name":"module.vpc_example_complete-vpc.module.vpc_endpoints.data.aws_vpc_endpoint_service.this[lambda].service_name","subnet_ids":["module.vpc_example_complete-vpc.module.vpc.aws_subnet.private[0].id","module.vpc_example_complete-vpc.module.vpc.aws_subnet.private[1].id","module.vpc_example_complete-vpc.module.vpc.aws_subnet.private[2].id"],"tags":{"Endpoint":"true","Environment":"staging","Name":"complete","Owner":"user","Project":"Secret"},"timeouts":{"create":"10m","delete":"10m","update":"10m"},"vpc_endpoint_type":"Interface","vpc_id":"module.vpc_example_complete-vpc.module.vpc.aws_vpc.this[0].id"}},{"address":"module.vpc_example_complete-vpc.module.vpc_endpoints.aws_vpc_endpoint.this[\"s3\"]","mode":"managed","type":"aws_vpc_endpoint","name":"this","index":"s3","provider_name":"registry.terraform.io/hashicorp/aws","schema_version":0,"values":{"auto_accept":null,"private_dns_enabled":false,"security_group_ids":["module.vpc_example_complete-vpc.data.aws_security_group.default.id"],"service_name":"com.amazonaws.eu-west-1.s3","subnet_ids":[],"tags":{"Endpoint":"true","Environment":"staging","Name":"s3-vpc-endpoint","Owner":"user","Project":"Secret"},"tags_all":{"Endpoint":"true","Environment":"staging","Name":"s3-vpc-endpoint","Owner":"user","Project":"Secret"},"timeouts":{"create":"10m","delete":"10m","update":"10m"},"vpc_endpoint_type":"Interface","vpc_id":"module.vpc_example_complete-vpc.module.vpc.aws_vpc.this[0].id"}},{"address":"module.vpc_example_complete-vpc.module.vpc_endpoints.aws_vpc_endpoint.this[\"ssm\"]","mode":"managed","type":"aws_vpc_endpoint","name":"this","index":"ssm","provider_name":"registry.terraform.io/hashicorp/aws","schema_version":0,"values":{"private_dns_enabled":true,"security_group_ids":["module.vpc_example_complete-vpc.data.aws_security_group.default.id"],"service_name":"module.vpc_example_complete-vpc.module.vpc_endpoints.data.aws_vpc_endpoint_service.this[ssm].service_name","subnet_ids":["module.vpc_example_complete-vpc.module.vpc.aws_subnet.private[0].id","module.vpc_example_complete-vpc.module.vpc.aws_subnet.private[1].id","module.vpc_example_complete-vpc.module.vpc.aws_subnet.private[2].id"],"tags":{"Endpoint":"true","Environment":"staging","Name":"complete","Owner":"user","Project":"Secret"},"timeouts":{"create":"10m","delete":"10m","update":"10m"},"vpc_endpoint_type":"Interface","vpc_id":"module.vpc_example_complete-vpc.module.vpc.aws_vpc.this[0].id"}},{"address":"module.vpc_example_complete-vpc.module.vpc_endpoints.aws_vpc_endpoint.this[\"ssmmessages\"]","mode":"managed","type":"aws_vpc_endpoint","name":"this","index":"ssmmessages","provider_name":"registry.terraform.io/hashicorp/aws","schema_version":0,"values":{"private_dns_enabled":true,"security_group_ids":["module.vpc_example_complete-vpc.data.aws_security_group.default.id"],"service_name":"module.vpc_example_complete-vpc.module.vpc_endpoints.data.aws_vpc_endpoint_service.this[ssmmessages].service_name","subnet_ids":["module.vpc_example_complete-vpc.module.vpc.aws_subnet.private[0].id","module.vpc_example_complete-vpc.module.vpc.aws_subnet.private[1].id","module.vpc_example_complete-vpc.module.vpc.aws_subnet.private[2].id"],"tags":{"Endpoint":"true","Environment":"staging","Name":"complete","Owner":"user","Project":"Secret"},"timeouts":{"create":"10m","delete":"10m","update":"10m"},"vpc_endpoint_type":"Interface","vpc_id":"module.vpc_example_complete-vpc.module.vpc.aws_vpc.this[0].id"}},{"address":"module.vpc_example_complete-vpc.module.vpc_endpoints.data.aws_vpc_endpoint_service.this[\"codedeploy\"]","mode":"data","type":"aws_vpc_endpoint_service","name":"this","index":"codedeploy","provider_name":"registry.terraform.io/hashicorp/aws","schema_version":0,"values":{"filter":[{"name":"service-type","values":["Interface"]}],"service":"codedeploy"}},{"address":"module.vpc_example_complete-vpc.module.vpc_endpoints.data.aws_vpc_endpoint_service.this[\"codedeploy_commands_secure\"]","mode":"data","type":"aws_vpc_endpoint_service","name":"this","index":"codedeploy_commands_secure","provider_name":"registry.terraform.io/hashicorp/aws","schema_version":0,"values":{"filter":[{"name":"service-type","values":["Interface"]}],"service":"codedeploy-commands-secure"}},{"address":"module.vpc_example_complete-vpc.module.vpc_endpoints.data.aws_vpc_endpoint_service.this[\"dynamodb\"]","mode":"data","type":"aws_vpc_endpoint_service","name":"this","index":"dynamodb","provider_name":"registry.terraform.io/hashicorp/aws","schema_version":0,"values":{"filter":[{"name":"service-type","values":["Gateway"]}],"service":"dynamodb"}},{"address":"module.vpc_example_complete-vpc.module.vpc_endpoints.data.aws_vpc_endpoint_service.this[\"ec2\"]","mode":"data","type":"aws_vpc_endpoint_service","name":"this","index":"ec2","provider_name":"registry.terraform.io/hashicorp/aws","schema_version":0,"values":{"filter":[{"name":"service-type","values":["Interface"]}],"service":"ec2"}},{"address":"module.vpc_example_complete-vpc.module.vpc_endpoints.data.aws_vpc_endpoint_service.this[\"ec2messages\"]","mode":"data","type":"aws_vpc_endpoint_service","name":"this","index":"ec2messages","provider_name":"registry.terraform.io/hashicorp/aws","schema_version":0,"values":{"filter":[{"name":"service-type","values":["Interface"]}],"service":"ec2messages"}},{"address":"module.vpc_example_complete-vpc.module.vpc_endpoints.data.aws_vpc_endpoint_service.this[\"ecr_api\"]","mode":"data","type":"aws_vpc_endpoint_service","name":"this","index":"ecr_api","provider_name":"registry.terraform.io/hashicorp/aws","schema_version":0,"values":{"filter":[{"name":"service-type","values":["Interface"]}],"service":"ecr.api"}},{"address":"module.vpc_example_complete-vpc.module.vpc_endpoints.data.aws_vpc_endpoint_service.this[\"ecr_dkr\"]","mode":"data","type":"aws_vpc_endpoint_service","name":"this","index":"ecr_dkr","provider_name":"registry.terraform.io/hashicorp/aws","schema_version":0,"values":{"filter":[{"name":"service-type","values":["Interface"]}],"service":"ecr.dkr"}},{"address":"module.vpc_example_complete-vpc.module.vpc_endpoints.data.aws_vpc_endpoint_service.this[\"ecs\"]","mode":"data","type":"aws_vpc_endpoint_service","name":"this","index":"ecs","provider_name":"registry.terraform.io/hashicorp/aws","schema_version":0,"values":{"filter":[{"name":"service-type","values":["Interface"]}],"service":"ecs"}},{"address":"module.vpc_example_complete-vpc.module.vpc_endpoints.data.aws_vpc_endpoint_service.this[\"ecs_telemetry\"]","mode":"data","type":"aws_vpc_endpoint_service","name":"this","index":"ecs_telemetry","provider_name":"registry.terraform.io/hashicorp/aws","schema_version":0,"values":{"filter":[{"name":"service-type","values":["Interface"]}],"service":"ecs-telemetry"}},{"address":"module.vpc_example_complete-vpc.module.vpc_endpoints.data.aws_vpc_endpoint_service.this[\"kms\"]","mode":"data","type":"aws_vpc_endpoint_service","name":"this","index":"kms","provider_name":"registry.terraform.io/hashicorp/aws","schema_version":0,"values":{"filter":[{"name":"service-type","values":["Interface"]}],"service":"kms"}},{"address":"module.vpc_example_complete-vpc.module.vpc_endpoints.data.aws_vpc_endpoint_service.this[\"lambda\"]","mode":"data","type":"aws_vpc_endpoint_service","name":"this","index":"lambda","provider_name":"registry.terraform.io/hashicorp/aws","schema_version":0,"values":{"filter":[{"name":"service-type","values":["Interface"]}],"service":"lambda"}},{"address":"module.vpc_example_complete-vpc.module.vpc_endpoints.data.aws_vpc_endpoint_service.this[\"ssm\"]","mode":"data","type":"aws_vpc_endpoint_service","name":"this","index":"ssm","provider_name":"registry.terraform.io/hashicorp/aws","schema_version":0,"values":{"filter":[{"name":"service-type","values":["Interface"]}],"service":"ssm"}},{"address":"module.vpc_example_complete-vpc.module.vpc_endpoints.data.aws_vpc_endpoint_service.this[\"ssmmessages\"]","mode":"data","type":"aws_vpc_endpoint_service","name":"this","index":"ssmmessages","provider_name":"registry.terraform.io/hashicorp/aws","schema_version":0,"values":{"filter":[{"name":"service-type","values":["Interface"]}],"service":"ssmmessages"}}],"address":"module.vpc_example_complete-vpc.module.vpc_endpoints"}]}]}},"resource_changes":[{"address":"module.ec2-bastion-server.aws_eip.default[0]","module_address":"module.ec2-bastion-server","mode":"managed","type":"aws_eip","name":"default","index":0,"provider_name":"registry.terraform.io/hashicorp/aws","change":{"actions":["create"],"before":null,"after":{"address":null,"associate_with_private_ip":null,"customer_owned_ipv4_pool":null,"instance":"module.ec2-bastion-server.aws_instance.default[0].id","tags":{"Name":"test-dev-bastion","Namespace":"test","Stage":"dev"},"tags_all":{"Name":"test-dev-bastion","Namespace":"test","Stage":"dev"},"timeouts":null,"vpc":true},"after_unknown":{"allocation_id":true,"association_id":true,"carrier_ip":true,"customer_owned_ip":true,"domain":true,"id":true,"network_border_group":true,"network_interface":true,"private_dns":true,"private_ip":true,"public_dns":true,"public_ip":true,"public_ipv4_pool":true,"tags":{},"tags_all":{}}}},{"address":"module.ec2-bastion-server.aws_iam_instance_profile.default[0]","module_address":"module.ec2-bastion-server","mode":"managed","type":"aws_iam_instance_profile","name":"default","index":0,"provider_name":"registry.terraform.io/hashicorp/aws","change":{"actions":["create"],"before":null,"after":{"name":"test-dev-bastion","name_prefix":null,"path":"/","role":"test-dev-bastion","tags":{"Name":"test-dev-bastion","Namespace":"test","Stage":"dev"},"tags_all":{"Name":"test-dev-bastion","Namespace":"test","Stage":"dev"}},"after_unknown":{"arn":true,"create_date":true,"id":true,"tags":{},"tags_all":{},"unique_id":true}}},{"address":"module.ec2-bastion-server.aws_iam_role.default[0]","module_address":"module.ec2-bastion-server","mode":"managed","type":"aws_iam_role","name":"default","index":0,"provider_name":"registry.terraform.io/hashicorp/aws","change":{"actions":["create"],"before":null,"after":{"assume_role_policy":"{\n  \"Version\": \"2012-10-17\",\n  \"Statement\": [\n    {\n      \"Sid\": \"\",\n      \"Effect\": \"Allow\",\n      \"Action\": \"sts:AssumeRole\",\n      \"Principal\": {\n        \"Service\": \"ec2.amazonaws.com\"\n      }\n    }\n  ]\n}","description":null,"force_detach_policies":false,"inline_policy":[],"max_session_duration":3600,"name":"test-dev-bastion","name_prefix":null,"path":"/","permissions_boundary":null,"tags":{"Name":"test-dev-bastion","Namespace":"test","Stage":"dev"},"tags_all":{"Name":"test-dev-bastion","Namespace":"test","Stage":"dev"}},"after_unknown":{"arn":true,"create_date":true,"id":true,"inline_policy":[],"managed_policy_arns":true,"tags":{},"tags_all":{},"unique_id":true}}},{"address":"module.ec2-bastion-server.aws_iam_role_policy.main[0]","module_address":"module.ec2-bastion-server","mode":"managed","type":"aws_iam_role_policy","name":"main","index":0,"provider_name":"registry.terraform.io/hashicorp/aws","change":{"actions":["create"],"before":null,"after":{"name":"test-dev-bastion","name_prefix":null,"policy":"{\n  \"Version\": \"2012-10-17\",\n  \"Statement\": [\n    {\n      \"Sid\": \"\",\n      \"Effect\": \"Allow\",\n      \"Action\": [\n        \"ssm:UpdateInstanceInformation\",\n        \"ssm:UpdateInstanceAssociationStatus\",\n        \"ssm:UpdateAssociationStatus\",\n        \"ssm:PutInventory\",\n        \"ssm:PutConfigurePackageResult\",\n        \"ssm:PutComplianceItems\",\n        \"ssm:ListInstanceAssociations\",\n        \"ssm:ListAssociations\",\n        \"ssm:GetParameters\",\n        \"ssm:GetParameter\",\n        \"ssm:GetManifest\",\n        \"ssm:GetDocument\",\n        \"ssm:GetDeployablePatchSnapshotForInstance\",\n        \"ssm:DescribeDocument\",\n        \"ssm:DescribeAssociation\"\n      ],\n      \"Resource\": \"*\"\n    },\n    {\n      \"Sid\": \"\",\n      \"Effect\": \"Allow\",\n      \"Action\": [\n        \"ssmmessages:OpenDataChannel\",\n        \"ssmmessages:OpenControlChannel\",\n        \"ssmmessages:CreateDataChannel\",\n        \"ssmmessages:CreateControlChannel\"\n      ],\n      \"Resource\": \"*\"\n    },\n    {\n      \"Sid\": \"\",\n      \"Effect\": \"Allow\",\n      \"Action\": [\n        \"ec2messages:SendReply\",\n        \"ec2messages:GetMessages\",\n        \"ec2messages:GetEndpoint\",\n        \"ec2messages:FailMessage\",\n        \"ec2messages:DeleteMessage\",\n        \"ec2messages:AcknowledgeMessage\"\n      ],\n      \"Resource\": \"*\"\n    },\n    {\n      \"Sid\": \"\",\n      \"Effect\": \"Allow\",\n      \"Action\": \"s3:GetEncryptionConfiguration\",\n      \"Resource\": \"*\"\n    }\n  ]\n}","role":"module.ec2-bastion-server.aws_iam_role.default[0].id"},"after_unknown":{"id":true}}},{"address":"module.ec2-bastion-server.aws_instance.default[0]","module_address":"module.ec2-bastion-server","mode":"managed","type":"aws_instance","name":"default","index":0,"provider_name":"registry.terraform.io/hashicorp/aws","change":{"actions":["create"],"before":null,"after":{"ami":"ami-0e362514299d32abe","associate_public_ip_address":true,"capacity_reservation_specification":[],"credit_specification":[],"disable_api_termination":false,"ebs_block_device":[],"ebs_optimized":null,"enclave_options":[],"ephemeral_block_device":[],"get_password_data":false,"hibernation":null,"iam_instance_profile":"test-dev-bastion","instance_type":"t2.micro","key_name":"","metadata_options":[{"http_endpoint":"enabled","http_put_response_hop_limit":1,"http_tokens":"required"}],"monitoring":true,"network_interface":[],"root_block_device":[{"delete_on_termination":null,"device_name":null,"encrypted":true,"iops":null,"kms_key_id":null,"tags":null,"throughput":null,"volume_id":null,"volume_size":8,"volume_type":null}],"source_dest_check":true,"subnet_id":"module.vpc_example_complete-vpc.module.vpc.aws_subnet.public[0].id","tags":{"Name":"test-dev-bastion","Namespace":"test","Stage":"dev"},"tags_all":{"Name":"test-dev-bastion","Namespace":"test","Stage":"dev"},"timeouts":null,"user_data":"#!/usr/bin/env bash\nexec \u003e \u003e(tee /var/log/user-data.log | logger -t user-data -s 2\u003e/dev/console) 2\u003e\u00261\n\n##\n## Setup SSH Config\n##\ncat \u003c\u003c\"__EOF__\" \u003e /home/ec2user/.ssh/config\nHost *\n    StrictHostKeyChecking no\n__EOF__\nchmod 600 /home/ec2user/.ssh/config\nchown ec2user:ec2user /home/ec2user/.ssh/config\n\n##\n## Enable SSM\n##\nif [  \"true\" = \"true\" ]\nthen\n    systemctl enable amazon-ssm-agent\n    systemctl start amazon-ssm-agent\n    systemctl status amazon-ssm-agent\nelse\n    systemctl disable amazon-ssm-agent\n    systemctl stop amazon-ssm-agent\n    systemctl status amazon-ssm-agent\nfi\n\n","user_data_base64":null,"volume_tags":null,"vpc_security_group_ids":["module.ec2-bastion-server.module.security_group.aws_security_group.default[0].id"]},"after_unknown":{"arn":true,"availability_zone":true,"capacity_reservation_specification":[],"cpu_core_count":true,"cpu_threads_per_core":true,"credit_specification":[],"ebs_block_device":[],"enclave_options":[],"ephemeral_block_device":[],"host_id":true,"id":true,"instance_initiated_shutdown_behavior":true,"instance_state":true,"ipv6_address_count":true,"ipv6_addresses":true,"metadata_options":[{}],"network_interface":[],"outpost_arn":true,"password_data":true,"placement_group":true,"primary_network_interface_id":true,"private_dns":true,"private_ip":true,"public_dns":true,"public_ip":true,"root_block_device":[{}],"secondary_private_ips":true,"security_groups":true,"tags":{},"tags_all":{},"tenancy":true,"vpc_security_group_ids":[false]}}},{"address":"module.ec2-bastion-server.module.security_group.aws_security_group.default[0]","module_address":"module.ec2-bastion-server.module.security_group","mode":"managed","type":"aws_security_group","name":"default","index":0,"provider_name":"registry.terraform.io/hashicorp/aws","change":{"actions":["create"],"before":null,"after":{"description":"Bastion host security group","name":"test-dev-bastion","revoke_rules_on_delete":false,"tags":{"Name":"test-dev-bastion","Namespace":"test","Stage":"dev"},"tags_all":{"Name":"test-dev-bastion","Namespace":"test","Stage":"dev"},"timeouts":null,"vpc_id":"module.vpc_example_complete-vpc.module.vpc.aws_vpc.this[0].id"},"after_unknown":{"arn":true,"egress":true,"id":true,"ingress":true,"name_prefix":true,"owner_id":true,"tags":{},"tags_all":{}}}},{"address":"module.ec2-bastion-server.module.security_group.aws_security_group_rule.default[\"egress--1-0-0-9c87e5e1ed040a443ce1ac8e6d6cf159\"]","module_address":"module.ec2-bastion-server.module.security_group","mode":"managed","type":"aws_security_group_rule","name":"default","index":"egress--1-0-0-9c87e5e1ed040a443ce1ac8e6d6cf159","provider_name":"registry.terraform.io/hashicorp/aws","change":{"actions":["create"],"before":null,"after":{"cidr_blocks":["0.0.0.0/0"],"description":"Allow all outbound traffic","from_port":0,"ipv6_cidr_blocks":null,"prefix_list_ids":null,"protocol":"-1","security_group_id":"module.ec2-bastion-server.module.security_group.aws_security_group.default[0].id","self":false,"to_port":0,"type":"egress"},"after_unknown":{"cidr_blocks":[false],"id":true,"source_security_group_id":true}}},{"address":"module.ec2-bastion-server.module.security_group.aws_security_group_rule.default[\"ingress-tcp-22-22-423a6669f6ad4c36d49b47a12e248189\"]","module_address":"module.ec2-bastion-server.module.security_group","mode":"managed","type":"aws_security_group_rule","name":"default","index":"ingress-tcp-22-22-423a6669f6ad4c36d49b47a12e248189","provider_name":"registry.terraform.io/hashicorp/aws","change":{"actions":["create"],"before":null,"after":{"cidr_blocks":["0.0.0.0/0"],"description":"Allow all inbound to SSH","from_port":22,"ipv6_cidr_blocks":null,"prefix_list_ids":null,"protocol":"tcp","security_group_id":"module.ec2-bastion-server.module.security_group.aws_security_group.default[0].id","self":false,"to_port":22,"type":"ingress"},"after_unknown":{"cidr_blocks":[false],"id":true,"source_security_group_id":true}}},{"address":"module.vpc_example_complete-vpc.data.aws_security_group.default","module_address":"module.vpc_example_complete-vpc","mode":"data","type":"aws_security_group","name":"default","provider_name":"registry.terraform.io/hashicorp/aws","change":{"actions":["read"],"before":null,"after":{"filter":[],"name":"default","vpc_id":"module.vpc_example_complete-vpc.module.vpc.aws_vpc.this[0].id"},"after_unknown":{"arn":true,"description":true,"filter":[],"id":true,"tags":true}}},{"address":"module.vpc_example_complete-vpc.module.vpc.aws_cloudwatch_log_group.flow_log[0]","module_address":"module.vpc_example_complete-vpc.module.vpc","mode":"managed","type":"aws_cloudwatch_log_group","name":"flow_log","index":0,"provider_name":"registry.terraform.io/hashicorp/aws","change":{"actions":["create"],"before":null,"after":{"kms_key_id":null,"name":"/aws/vpc-flow-log/module.vpc_example_complete-vpc.module.vpc.aws_vpc.this[0].id","name_prefix":null,"retention_in_days":0,"tags":{"Environment":"staging","Name":"complete","Owner":"user"},"tags_all":{"Environment":"staging","Name":"complete","Owner":"user"}},"after_unknown":{"arn":true,"id":true,"tags":{},"tags_all":{}}}},{"address":"module.vpc_example_complete-vpc.module.vpc.aws_customer_gateway.this[\"IP1\"]","module_address":"module.vpc_example_complete-vpc.module.vpc","mode":"managed","type":"aws_customer_gateway","name":"this","index":"IP1","provider_name":"registry.terraform.io/hashicorp/aws","change":{"actions":["create"],"before":null,"after":{"bgp_asn":"65112","device_name":null,"ip_address":"1.2.3.4","tags":{"Environment":"staging","Name":"complete","Owner":"user"},"tags_all":{"Environment":"staging","Name":"complete","Owner":"user"},"type":"ipsec.1"},"after_unknown":{"arn":true,"id":true,"tags":{},"tags_all":{}}}},{"address":"module.vpc_example_complete-vpc.module.vpc.aws_customer_gateway.this[\"IP2\"]","module_address":"module.vpc_example_complete-vpc.module.vpc","mode":"managed","type":"aws_customer_gateway","name":"this","index":"IP2","provider_name":"registry.terraform.io/hashicorp/aws","change":{"actions":["create"],"before":null,"after":{"bgp_asn":"65112","device_name":null,"ip_address":"5.6.7.8","tags":{"Environment":"staging","Name":"complete","Owner":"user"},"tags_all":{"Environment":"staging","Name":"complete","Owner":"user"},"type":"ipsec.1"},"after_unknown":{"arn":true,"id":true,"tags":{},"tags_all":{}}}},{"address":"module.vpc_example_complete-vpc.module.vpc.aws_default_route_table.default[0]","module_address":"module.vpc_example_complete-vpc.module.vpc","mode":"managed","type":"aws_default_route_table","name":"default","index":0,"provider_name":"registry.terraform.io/hashicorp/aws","change":{"actions":["create"],"before":null,"after":{"default_route_table_id":"module.vpc_example_complete-vpc.module.vpc.aws_vpc.this[0].default_route_table_id","propagating_vgws":[],"tags":{"DefaultRouteTable":"true","Environment":"staging","Name":"complete","Owner":"user"},"tags_all":{"DefaultRouteTable":"true","Environment":"staging","Name":"complete","Owner":"user"}},"after_unknown":{"arn":true,"id":true,"owner_id":true,"propagating_vgws":[],"route":true,"tags":{},"tags_all":{},"vpc_id":true}}},{"address":"module.vpc_example_complete-vpc.module.vpc.aws_default_security_group.this[0]","module_address":"module.vpc_example_complete-vpc.module.vpc","mode":"managed","type":"aws_default_security_group","name":"this","index":0,"provider_name":"registry.terraform.io/hashicorp/aws","change":{"actions":["create"],"before":null,"after":{"revoke_rules_on_delete":false,"tags":{"Environment":"staging","Name":"complete","Owner":"user"},"tags_all":{"Environment":"staging","Name":"complete","Owner":"user"},"vpc_id":"module.vpc_example_complete-vpc.module.vpc.aws_vpc.this[0].id"},"after_unknown":{"arn":true,"description":true,"egress":true,"id":true,"ingress":true,"name":true,"owner_id":true,"tags":{},"tags_all":{}}}},{"address":"module.vpc_example_complete-vpc.module.vpc.aws_eip.nat[0]","module_address":"module.vpc_example_complete-vpc.module.vpc","mode":"managed","type":"aws_eip","name":"nat","index":0,"provider_name":"registry.terraform.io/hashicorp/aws","change":{"actions":["create"],"before":null,"after":{"address":null,"associate_with_private_ip":null,"customer_owned_ipv4_pool":null,"tags":{"Environment":"staging","Name":"complete","Owner":"user"},"tags_all":{"Environment":"staging","Name":"complete","Owner":"user"},"timeouts":null,"vpc":true},"after_unknown":{"allocation_id":true,"association_id":true,"carrier_ip":true,"customer_owned_ip":true,"domain":true,"id":true,"instance":true,"network_border_group":true,"network_interface":true,"private_dns":true,"private_ip":true,"public_dns":true,"public_ip":true,"public_ipv4_pool":true,"tags":{},"tags_all":{}}}},{"address":"module.vpc_example_complete-vpc.module.vpc.aws_elasticache_subnet_group.elasticache[0]","module_address":"module.vpc_example_complete-vpc.module.vpc","mode":"managed","type":"aws_elasticache_subnet_group","name":"elasticache","index":0,"provider_name":"registry.terraform.io/hashicorp/aws","change":{"actions":["create"],"before":null,"after":{"description":"ElastiCache subnet group for complete-example","name":"complete-example","subnet_ids":["module.vpc_example_complete-vpc.module.vpc.aws_subnet.elasticache[0].id","module.vpc_example_complete-vpc.module.vpc.aws_subnet.elasticache[1].id","module.vpc_example_complete-vpc.module.vpc.aws_subnet.elasticache[2].id"],"tags":null},"after_unknown":{"arn":true,"id":true,"subnet_ids":[false,false,false],"tags_all":true}}},{"address":"module.vpc_example_complete-vpc.module.vpc.aws_flow_log.this[0]","module_address":"module.vpc_example_complete-vpc.module.vpc","mode":"managed","type":"aws_flow_log","name":"this","index":0,"provider_name":"registry.terraform.io/hashicorp/aws","change":{"actions":["create"],"before":null,"after":{"eni_id":null,"iam_role_arn":"module.vpc_example_complete-vpc.module.vpc.aws_iam_role.vpc_flow_log_cloudwatch[0].arn","log_destination":"module.vpc_example_complete-vpc.module.vpc.aws_cloudwatch_log_group.flow_log[0].arn","log_destination_type":"cloud-watch-logs","max_aggregation_interval":60,"subnet_id":null,"tags":{"Environment":"staging","Name":"complete","Owner":"user"},"tags_all":{"Environment":"staging","Name":"complete","Owner":"user"},"traffic_type":"ALL","vpc_id":"module.vpc_example_complete-vpc.module.vpc.aws_vpc.this[0].id"},"after_unknown":{"arn":true,"id":true,"log_format":true,"log_group_name":true,"tags":{},"tags_all":{}}}},{"address":"module.vpc_example_complete-vpc.module.vpc.aws_iam_policy.vpc_flow_log_cloudwatch[0]","module_address":"module.vpc_example_complete-vpc.module.vpc","mode":"managed","type":"aws_iam_policy","name":"vpc_flow_log_cloudwatch","index":0,"provider_name":"registry.terraform.io/hashicorp/aws","change":{"actions":["create"],"before":null,"after":{"description":null,"name_prefix":"vpc-flow-log-to-cloudwatch-","path":"/","policy":"{\n  \"Version\": \"2012-10-17\",\n  \"Statement\": [\n    {\n      \"Sid\": \"AWSVPCFlowLogsPushToCloudWatch\",\n      \"Effect\": \"Allow\",\n      \"Action\": [\n        \"logs:PutLogEvents\",\n        \"logs:DescribeLogStreams\",\n        \"logs:DescribeLogGroups\",\n        \"logs:CreateLogStream\"\n      ],\n      \"Resource\": \"*\"\n    }\n  ]\n}","tags":null},"after_unknown":{"arn":true,"id":true,"name":true,"policy_id":true,"tags_all":true}}},{"address":"module.vpc_example_complete-vpc.module.vpc.aws_iam_role.vpc_flow_log_cloudwatch[0]","module_address":"module.vpc_example_complete-vpc.module.vpc","mode":"managed","type":"aws_iam_role","name":"vpc_flow_log_cloudwatch","index":0,"provider_name":"registry.terraform.io/hashicorp/aws","change":{"actions":["create"],"before":null,"after":{"assume_role_policy":"{\n  \"Version\": \"2012-10-17\",\n  \"Statement\": [\n    {\n      \"Sid\": \"\",\n      \"Effect\": \"Allow\",\n      \"Action\": \"sts:AssumeRole\",\n      \"Principal\": {\n        \"Service\": \"vpc-flow-logs.amazonaws.com\"\n      }\n    }\n  ]\n}","description":null,"force_detach_policies":false,"inline_policy":[],"max_session_duration":3600,"name_prefix":"vpc-flow-log-role-","path":"/","permissions_boundary":null,"tags":{"Environment":"staging","Name":"complete","Owner":"user"},"tags_all":{"Environment":"staging","Name":"complete","Owner":"user"}},"after_unknown":{"arn":true,"create_date":true,"id":true,"inline_policy":[],"managed_policy_arns":true,"name":true,"tags":{},"tags_all":{},"unique_id":true}}},{"address":"module.vpc_example_complete-vpc.module.vpc.aws_iam_role_policy_attachment.vpc_flow_log_cloudwatch[0]","module_address":"module.vpc_example_complete-vpc.module.vpc","mode":"managed","type":"aws_iam_role_policy_attachment","name":"vpc_flow_log_cloudwatch","index":0,"provider_name":"registry.terraform.io/hashicorp/aws","change":{"actions":["create"],"before":null,"after":{"policy_arn":"module.vpc_example_complete-vpc.module.vpc.aws_iam_policy.vpc_flow_log_cloudwatch[0].arn","role":"module.vpc_example_complete-vpc.module.vpc.aws_iam_role.vpc_flow_log_cloudwatch[0].name"},"after_unknown":{"id":true}}},{"address":"module.vpc_example_complete-vpc.module.vpc.aws_internet_gateway.this[0]","module_address":"module.vpc_example_complete-vpc.module.vpc","mode":"managed","type":"aws_internet_gateway","name":"this","index":0,"provider_name":"registry.terraform.io/hashicorp/aws","change":{"actions":["create"],"before":null,"after":{"tags":{"Environment":"staging","Name":"complete","Owner":"user"},"tags_all":{"Environment":"staging","Name":"complete","Owner":"user"},"vpc_id":"module.vpc_example_complete-vpc.module.vpc.aws_vpc.this[0].id"},"after_unknown":{"arn":true,"id":true,"owner_id":true,"tags":{},"tags_all":{}}}},{"address":"module.vpc_example_complete-vpc.module.vpc.aws_nat_gateway.this[0]","module_address":"module.vpc_example_complete-vpc.module.vpc","mode":"managed","type":"aws_nat_gateway","name":"this","index":0,"provider_name":"registry.terraform.io/hashicorp/aws","change":{"actions":["create"],"before":null,"after":{"allocation_id":"module.vpc_example_complete-vpc.module.vpc.aws_eip.nat[0].id","connectivity_type":"public","subnet_id":"module.vpc_example_complete-vpc.module.vpc.aws_subnet.public[0].id","tags":{"Environment":"staging","Name":"complete","Owner":"user"},"tags_all":{"Environment":"staging","Name":"complete","Owner":"user"}},"after_unknown":{"id":true,"network_interface_id":true,"private_ip":true,"public_ip":true,"tags":{},"tags_all":{}}}},{"address":"module.vpc_example_complete-vpc.module.vpc.aws_redshift_subnet_group.redshift[0]","module_address":"module.vpc_example_complete-vpc.module.vpc","mode":"managed","type":"aws_redshift_subnet_group","name":"redshift","index":0,"provider_name":"registry.terraform.io/hashicorp/aws","change":{"actions":["create"],"before":null,"after":{"description":"Redshift subnet group for complete-example","name":"complete-example","subnet_ids":["module.vpc_example_complete-vpc.module.vpc.aws_subnet.redshift[0].id","module.vpc_example_complete-vpc.module.vpc.aws_subnet.redshift[1].id","module.vpc_example_complete-vpc.module.vpc.aws_subnet.redshift[2].id"],"tags":{"Environment":"staging","Name":"complete","Owner":"user"},"tags_all":{"Environment":"staging","Name":"complete","Owner":"user"}},"after_unknown":{"arn":true,"id":true,"subnet_ids":[false,false,false],"tags":{},"tags_all":{}}}},{"address":"module.vpc_example_complete-vpc.module.vpc.aws_route.private_nat_gateway[0]","module_address":"module.vpc_example_complete-vpc.module.vpc","mode":"managed","type":"aws_route","name":"private_nat_gateway","index":0,"provider_name":"registry.terraform.io/hashicorp/aws","change":{"actions":["create"],"before":null,"after":{"carrier_gateway_id":null,"destination_cidr_block":"0.0.0.0/0","destination_ipv6_cidr_block":null,"destination_prefix_list_id":null,"egress_only_gateway_id":null,"gateway_id":null,"local_gateway_id":null,"nat_gateway_id":"module.vpc_example_complete-vpc.module.vpc.aws_nat_gateway.this[0].id","route_table_id":"module.vpc_example_complete-vpc.module.vpc.aws_route_table.private[0].id","timeouts":{"create":"5m","delete":null},"transit_gateway_id":null,"vpc_endpoint_id":null,"vpc_peering_connection_id":null},"after_unknown":{"id":true,"instance_id":true,"instance_owner_id":true,"network_interface_id":true,"origin":true,"state":true,"timeouts":{}}}},{"address":"module.vpc_example_complete-vpc.module.vpc.aws_route.public_internet_gateway[0]","module_address":"module.vpc_example_complete-vpc.module.vpc","mode":"managed","type":"aws_route","name":"public_internet_gateway","index":0,"provider_name":"registry.terraform.io/hashicorp/aws","change":{"actions":["create"],"before":null,"after":{"carrier_gateway_id":null,"destination_cidr_block":"0.0.0.0/0","destination_ipv6_cidr_block":null,"destination_prefix_list_id":null,"egress_only_gateway_id":null,"gateway_id":"module.vpc_example_complete-vpc.module.vpc.aws_internet_gateway.this[0].id","local_gateway_id":null,"nat_gateway_id":null,"route_table_id":"module.vpc_example_complete-vpc.module.vpc.aws_route_table.public[0].id","timeouts":{"create":"5m","delete":null},"transit_gateway_id":null,"vpc_endpoint_id":null,"vpc_peering_connection_id":null},"after_unknown":{"id":true,"instance_id":true,"instance_owner_id":true,"network_interface_id":true,"origin":true,"state":true,"timeouts":{}}}},{"address":"module.vpc_example_complete-vpc.module.vpc.aws_route_table.intra[0]","module_address":"module.vpc_example_complete-vpc.module.vpc","mode":"managed","type":"aws_route_table","name":"intra","index":0,"provider_name":"registry.terraform.io/hashicorp/aws","change":{"actions":["create"],"before":null,"after":{"tags":{"Environment":"staging","Name":"complete","Owner":"user"},"tags_all":{"Environment":"staging","Name":"complete","Owner":"user"},"vpc_id":"module.vpc_example_complete-vpc.module.vpc.aws_vpc.this[0].id"},"after_unknown":{"arn":true,"id":true,"owner_id":true,"propagating_vgws":true,"route":true,"tags":{},"tags_all":{}}}},{"address":"module.vpc_example_complete-vpc.module.vpc.aws_route_table.private[0]","module_address":"module.vpc_example_complete-vpc.module.vpc","mode":"managed","type":"aws_route_table","name":"private","index":0,"provider_name":"registry.terraform.io/hashicorp/aws","change":{"actions":["create"],"before":null,"after":{"tags":{"Environment":"staging","Name":"complete","Owner":"user"},"tags_all":{"Environment":"staging","Name":"complete","Owner":"user"},"vpc_id":"module.vpc_example_complete-vpc.module.vpc.aws_vpc.this[0].id"},"after_unknown":{"arn":true,"id":true,"owner_id":true,"propagating_vgws":true,"route":true,"tags":{},"tags_all":{}}}},{"address":"module.vpc_example_complete-vpc.module.vpc.aws_route_table.public[0]","module_address":"module.vpc_example_complete-vpc.module.vpc","mode":"managed","type":"aws_route_table","name":"public","index":0,"provider_name":"registry.terraform.io/hashicorp/aws","change":{"actions":["create"],"before":null,"after":{"tags":{"Environment":"staging","Name":"complete","Owner":"user"},"tags_all":{"Environment":"staging","Name":"complete","Owner":"user"},"vpc_id":"module.vpc_example_complete-vpc.module.vpc.aws_vpc.this[0].id"},"after_unknown":{"arn":true,"id":true,"owner_id":true,"propagating_vgws":true,"route":true,"tags":{},"tags_all":{}}}},{"address":"module.vpc_example_complete-vpc.module.vpc.aws_route_table_association.database[0]","module_address":"module.vpc_example_complete-vpc.module.vpc","mode":"managed","type":"aws_route_table_association","name":"database","index":0,"provider_name":"registry.terraform.io/hashicorp/aws","change":{"actions":["create"],"before":null,"after":{"gateway_id":null,"route_table_id":"module.vpc_example_complete-vpc.module.vpc.aws_route_table.private[0].id","subnet_id":"module.vpc_example_complete-vpc.module.vpc.aws_subnet.database[0].id"},"after_unknown":{"id":true}}},{"address":"module.vpc_example_complete-vpc.module.vpc.aws_route_table_association.database[1]","module_address":"module.vpc_example_complete-vpc.module.vpc","mode":"managed","type":"aws_route_table_association","name":"database","index":1,"provider_name":"registry.terraform.io/hashicorp/aws","change":{"actions":["create"],"before":null,"after":{"gateway_id":null,"route_table_id":"module.vpc_example_complete-vpc.module.vpc.aws_route_table.private[0].id","subnet_id":"module.vpc_example_complete-vpc.module.vpc.aws_subnet.database[1].id"},"after_unknown":{"id":true}}},{"address":"module.vpc_example_complete-vpc.module.vpc.aws_route_table_association.database[2]","module_address":"module.vpc_example_complete-vpc.module.vpc","mode":"managed","type":"aws_route_table_association","name":"database","index":2,"provider_name":"registry.terraform.io/hashicorp/aws","change":{"actions":["create"],"before":null,"after":{"gateway_id":null,"route_table_id":"module.vpc_example_complete-vpc.module.vpc.aws_route_table.private[0].id","subnet_id":"module.vpc_example_complete-vpc.module.vpc.aws_subnet.database[2].id"},"after_unknown":{"id":true}}},{"address":"module.vpc_example_complete-vpc.module.vpc.aws_route_table_association.elasticache[0]","module_address":"module.vpc_example_complete-vpc.module.vpc","mode":"managed","type":"aws_route_table_association","name":"elasticache","index":0,"provider_name":"registry.terraform.io/hashicorp/aws","change":{"actions":["create"],"before":null,"after":{"gateway_id":null,"route_table_id":"module.vpc_example_complete-vpc.module.vpc.aws_route_table.private[0].id","subnet_id":"module.vpc_example_complete-vpc.module.vpc.aws_subnet.elasticache[0].id"},"after_unknown":{"id":true}}},{"address":"module.vpc_example_complete-vpc.module.vpc.aws_route_table_association.elasticache[1]","module_address":"module.vpc_example_complete-vpc.module.vpc","mode":"managed","type":"aws_route_table_association","name":"elasticache","index":1,"provider_name":"registry.terraform.io/hashicorp/aws","change":{"actions":["create"],"before":null,"after":{"gateway_id":null,"route_table_id":"module.vpc_example_complete-vpc.module.vpc.aws_route_table.private[0].id","subnet_id":"module.vpc_example_complete-vpc.module.vpc.aws_subnet.elasticache[1].id"},"after_unknown":{"id":true}}},{"address":"module.vpc_example_complete-vpc.module.vpc.aws_route_table_association.elasticache[2]","module_address":"module.vpc_example_complete-vpc.module.vpc","mode":"managed","type":"aws_route_table_association","name":"elasticache","index":2,"provider_name":"registry.terraform.io/hashicorp/aws","change":{"actions":["create"],"before":null,"after":{"gateway_id":null,"route_table_id":"module.vpc_example_complete-vpc.module.vpc.aws_route_table.private[0].id","subnet_id":"module.vpc_example_complete-vpc.module.vpc.aws_subnet.elasticache[2].id"},"after_unknown":{"id":true}}},{"address":"module.vpc_example_complete-vpc.module.vpc.aws_route_table_association.intra[0]","module_address":"module.vpc_example_complete-vpc.module.vpc","mode":"managed","type":"aws_route_table_association","name":"intra","index":0,"provider_name":"registry.terraform.io/hashicorp/aws","change":{"actions":["create"],"before":null,"after":{"gateway_id":null,"route_table_id":"module.vpc_example_complete-vpc.module.vpc.aws_route_table.intra[0].id","subnet_id":"module.vpc_example_complete-vpc.module.vpc.aws_subnet.intra[0].id"},"after_unknown":{"id":true}}},{"address":"module.vpc_example_complete-vpc.module.vpc.aws_route_table_association.intra[1]","module_address":"module.vpc_example_complete-vpc.module.vpc","mode":"managed","type":"aws_route_table_association","name":"intra","index":1,"provider_name":"registry.terraform.io/hashicorp/aws","change":{"actions":["create"],"before":null,"after":{"gateway_id":null,"route_table_id":"module.vpc_example_complete-vpc.module.vpc.aws_route_table.intra[0].id","subnet_id":"module.vpc_example_complete-vpc.module.vpc.aws_subnet.intra[1].id"},"after_unknown":{"id":true}}},{"address":"module.vpc_example_complete-vpc.module.vpc.aws_route_table_association.intra[2]","module_address":"module.vpc_example_complete-vpc.module.vpc","mode":"managed","type":"aws_route_table_association","name":"intra","index":2,"provider_name":"registry.terraform.io/hashicorp/aws","change":{"actions":["create"],"before":null,"after":{"gateway_id":null,"route_table_id":"module.vpc_example_complete-vpc.module.vpc.aws_route_table.intra[0].id","subnet_id":"module.vpc_example_complete-vpc.module.vpc.aws_subnet.intra[2].id"},"after_unknown":{"id":true}}},{"address":"module.vpc_example_complete-vpc.module.vpc.aws_route_table_association.private[0]","module_address":"module.vpc_example_complete-vpc.module.vpc","mode":"managed","type":"aws_route_table_association","name":"private","index":0,"provider_name":"registry.terraform.io/hashicorp/aws","change":{"actions":["create"],"before":null,"after":{"gateway_id":null,"route_table_id":"module.vpc_example_complete-vpc.module.vpc.aws_route_table.private[0].id","subnet_id":"module.vpc_example_complete-vpc.module.vpc.aws_subnet.private[0].id"},"after_unknown":{"id":true}}},{"address":"module.vpc_example_complete-vpc.module.vpc.aws_route_table_association.private[1]","module_address":"module.vpc_example_complete-vpc.module.vpc","mode":"managed","type":"aws_route_table_association","name":"private","index":1,"provider_name":"registry.terraform.io/hashicorp/aws","change":{"actions":["create"],"before":null,"after":{"gateway_id":null,"route_table_id":"module.vpc_example_complete-vpc.module.vpc.aws_route_table.private[0].id","subnet_id":"module.vpc_example_complete-vpc.module.vpc.aws_subnet.private[1].id"},"after_unknown":{"id":true}}},{"address":"module.vpc_example_complete-vpc.module.vpc.aws_route_table_association.private[2]","module_address":"module.vpc_example_complete-vpc.module.vpc","mode":"managed","type":"aws_route_table_association","name":"private","index":2,"provider_name":"registry.terraform.io/hashicorp/aws","change":{"actions":["create"],"before":null,"after":{"gateway_id":null,"route_table_id":"module.vpc_example_complete-vpc.module.vpc.aws_route_table.private[0].id","subnet_id":"module.vpc_example_complete-vpc.module.vpc.aws_subnet.private[2].id"},"after_unknown":{"id":true}}},{"address":"module.vpc_example_complete-vpc.module.vpc.aws_route_table_association.public[0]","module_address":"module.vpc_example_complete-vpc.module.vpc","mode":"managed","type":"aws_route_table_association","name":"public","index":0,"provider_name":"registry.terraform.io/hashicorp/aws","change":{"actions":["create"],"before":null,"after":{"gateway_id":null,"route_table_id":"module.vpc_example_complete-vpc.module.vpc.aws_route_table.public[0].id","subnet_id":"module.vpc_example_complete-vpc.module.vpc.aws_subnet.public[0].id"},"after_unknown":{"id":true}}},{"address":"module.vpc_example_complete-vpc.module.vpc.aws_route_table_association.public[1]","module_address":"module.vpc_example_complete-vpc.module.vpc","mode":"managed","type":"aws_route_table_association","name":"public","index":1,"provider_name":"registry.terraform.io/hashicorp/aws","change":{"actions":["create"],"before":null,"after":{"gateway_id":null,"route_table_id":"module.vpc_example_complete-vpc.module.vpc.aws_route_table.public[0].id","subnet_id":"module.vpc_example_complete-vpc.module.vpc.aws_subnet.public[1].id"},"after_unknown":{"id":true}}},{"address":"module.vpc_example_complete-vpc.module.vpc.aws_route_table_association.public[2]","module_address":"module.vpc_example_complete-vpc.module.vpc","mode":"managed","type":"aws_route_table_association","name":"public","index":2,"provider_name":"registry.terraform.io/hashicorp/aws","change":{"actions":["create"],"before":null,"after":{"gateway_id":null,"route_table_id":"module.vpc_example_complete-vpc.module.vpc.aws_route_table.public[0].id","subnet_id":"module.vpc_example_complete-vpc.module.vpc.aws_subnet.public[2].id"},"after_unknown":{"id":true}}},{"address":"module.vpc_example_complete-vpc.module.vpc.aws_route_table_association.redshift[0]","module_address":"module.vpc_example_complete-vpc.module.vpc","mode":"managed","type":"aws_route_table_association","name":"redshift","index":0,"provider_name":"registry.terraform.io/hashicorp/aws","change":{"actions":["create"],"before":null,"after":{"gateway_id":null,"route_table_id":"module.vpc_example_complete-vpc.module.vpc.aws_route_table.private[0].id","subnet_id":"module.vpc_example_complete-vpc.module.vpc.aws_subnet.redshift[0].id"},"after_unknown":{"id":true}}},{"address":"module.vpc_example_complete-vpc.module.vpc.aws_route_table_association.redshift[1]","module_address":"module.vpc_example_complete-vpc.module.vpc","mode":"managed","type":"aws_route_table_association","name":"redshift","index":1,"provider_name":"registry.terraform.io/hashicorp/aws","change":{"actions":["create"],"before":null,"after":{"gateway_id":null,"route_table_id":"module.vpc_example_complete-vpc.module.vpc.aws_route_table.private[0].id","subnet_id":"module.vpc_example_complete-vpc.module.vpc.aws_subnet.redshift[1].id"},"after_unknown":{"id":true}}},{"address":"module.vpc_example_complete-vpc.module.vpc.aws_route_table_association.redshift[2]","module_address":"module.vpc_example_complete-vpc.module.vpc","mode":"managed","type":"aws_route_table_association","name":"redshift","index":2,"provider_name":"registry.terraform.io/hashicorp/aws","change":{"actions":["create"],"before":null,"after":{"gateway_id":null,"route_table_id":"module.vpc_example_complete-vpc.module.vpc.aws_route_table.private[0].id","subnet_id":"module.vpc_example_complete-vpc.module.vpc.aws_subnet.redshift[2].id"},"after_unknown":{"id":true}}},{"address":"module.vpc_example_complete-vpc.module.vpc.aws_subnet.database[0]","module_address":"module.vpc_example_complete-vpc.module.vpc","mode":"managed","type":"aws_subnet","name":"database","index":0,"provider_name":"registry.terraform.io/hashicorp/aws","change":{"actions":["create"],"before":null,"after":{"assign_ipv6_address_on_creation":false,"availability_zone":"eu-west-1a","cidr_block":"20.10.21.0/24","customer_owned_ipv4_pool":null,"ipv6_cidr_block":null,"map_customer_owned_ip_on_launch":null,"map_public_ip_on_launch":false,"outpost_arn":null,"tags":{"Environment":"staging","Name":"complete","Owner":"user"},"tags_all":{"Environment":"staging","Name":"complete","Owner":"user"},"timeouts":null,"vpc_id":"module.vpc_example_complete-vpc.module.vpc.aws_vpc.this[0].id"},"after_unknown":{"arn":true,"availability_zone_id":true,"id":true,"ipv6_cidr_block_association_id":true,"owner_id":true,"tags":{},"tags_all":{}}}},{"address":"module.vpc_example_complete-vpc.module.vpc.aws_subnet.database[1]","module_address":"module.vpc_example_complete-vpc.module.vpc","mode":"managed","type":"aws_subnet","name":"database","index":1,"provider_name":"registry.terraform.io/hashicorp/aws","change":{"actions":["create"],"before":null,"after":{"assign_ipv6_address_on_creation":false,"availability_zone":"eu-west-1b","cidr_block":"20.10.22.0/24","customer_owned_ipv4_pool":null,"ipv6_cidr_block":null,"map_customer_owned_ip_on_launch":null,"map_public_ip_on_launch":false,"outpost_arn":null,"tags":{"Environment":"staging","Name":"complete","Owner":"user"},"tags_all":{"Environment":"staging","Name":"complete","Owner":"user"},"timeouts":null,"vpc_id":"module.vpc_example_complete-vpc.module.vpc.aws_vpc.this[0].id"},"after_unknown":{"arn":true,"availability_zone_id":true,"id":true,"ipv6_cidr_block_association_id":true,"owner_id":true,"tags":{},"tags_all":{}}}},{"address":"module.vpc_example_complete-vpc.module.vpc.aws_subnet.database[2]","module_address":"module.vpc_example_complete-vpc.module.vpc","mode":"managed","type":"aws_subnet","name":"database","index":2,"provider_name":"registry.terraform.io/hashicorp/aws","change":{"actions":["create"],"before":null,"after":{"assign_ipv6_address_on_creation":false,"availability_zone":"eu-west-1c","cidr_block":"20.10.23.0/24","customer_owned_ipv4_pool":null,"ipv6_cidr_block":null,"map_customer_owned_ip_on_launch":null,"map_public_ip_on_launch":false,"outpost_arn":null,"tags":{"Environment":"staging","Name":"complete","Owner":"user"},"tags_all":{"Environment":"staging","Name":"complete","Owner":"user"},"timeouts":null,"vpc_id":"module.vpc_example_complete-vpc.module.vpc.aws_vpc.this[0].id"},"after_unknown":{"arn":true,"availability_zone_id":true,"id":true,"ipv6_cidr_block_association_id":true,"owner_id":true,"tags":{},"tags_all":{}}}},{"address":"module.vpc_example_complete-vpc.module.vpc.aws_subnet.elasticache[0]","module_address":"module.vpc_example_complete-vpc.module.vpc","mode":"managed","type":"aws_subnet","name":"elasticache","index":0,"provider_name":"registry.terraform.io/hashicorp/aws","change":{"actions":["create"],"before":null,"after":{"assign_ipv6_address_on_creation":false,"availability_zone":"eu-west-1a","cidr_block":"20.10.31.0/24","customer_owned_ipv4_pool":null,"ipv6_cidr_block":null,"map_customer_owned_ip_on_launch":null,"map_public_ip_on_launch":false,"outpost_arn":null,"tags":{"Environment":"staging","Name":"complete","Owner":"user"},"tags_all":{"Environment":"staging","Name":"complete","Owner":"user"},"timeouts":null,"vpc_id":"module.vpc_example_complete-vpc.module.vpc.aws_vpc.this[0].id"},"after_unknown":{"arn":true,"availability_zone_id":true,"id":true,"ipv6_cidr_block_association_id":true,"owner_id":true,"tags":{},"tags_all":{}}}},{"address":"module.vpc_example_complete-vpc.module.vpc.aws_subnet.elasticache[1]","module_address":"module.vpc_example_complete-vpc.module.vpc","mode":"managed","type":"aws_subnet","name":"elasticache","index":1,"provider_name":"registry.terraform.io/hashicorp/aws","change":{"actions":["create"],"before":null,"after":{"assign_ipv6_address_on_creation":false,"availability_zone":"eu-west-1b","cidr_block":"20.10.32.0/24","customer_owned_ipv4_pool":null,"ipv6_cidr_block":null,"map_customer_owned_ip_on_launch":null,"map_public_ip_on_launch":false,"outpost_arn":null,"tags":{"Environment":"staging","Name":"complete","Owner":"user"},"tags_all":{"Environment":"staging","Name":"complete","Owner":"user"},"timeouts":null,"vpc_id":"module.vpc_example_complete-vpc.module.vpc.aws_vpc.this[0].id"},"after_unknown":{"arn":true,"availability_zone_id":true,"id":true,"ipv6_cidr_block_association_id":true,"owner_id":true,"tags":{},"tags_all":{}}}},{"address":"module.vpc_example_complete-vpc.module.vpc.aws_subnet.elasticache[2]","module_address":"module.vpc_example_complete-vpc.module.vpc","mode":"managed","type":"aws_subnet","name":"elasticache","index":2,"provider_name":"registry.terraform.io/hashicorp/aws","change":{"actions":["create"],"before":null,"after":{"assign_ipv6_address_on_creation":false,"availability_zone":"eu-west-1c","cidr_block":"20.10.33.0/24","customer_owned_ipv4_pool":null,"ipv6_cidr_block":null,"map_customer_owned_ip_on_launch":null,"map_public_ip_on_launch":false,"outpost_arn":null,"tags":{"Environment":"staging","Name":"complete","Owner":"user"},"tags_all":{"Environment":"staging","Name":"complete","Owner":"user"},"timeouts":null,"vpc_id":"module.vpc_example_complete-vpc.module.vpc.aws_vpc.this[0].id"},"after_unknown":{"arn":true,"availability_zone_id":true,"id":true,"ipv6_cidr_block_association_id":true,"owner_id":true,"tags":{},"tags_all":{}}}},{"address":"module.vpc_example_complete-vpc.module.vpc.aws_subnet.intra[0]","module_address":"module.vpc_example_complete-vpc.module.vpc","mode":"managed","type":"aws_subnet","name":"intra","index":0,"provider_name":"registry.terraform.io/hashicorp/aws","change":{"actions":["create"],"before":null,"after":{"assign_ipv6_address_on_creation":false,"availability_zone":"eu-west-1a","cidr_block":"20.10.51.0/24","customer_owned_ipv4_pool":null,"ipv6_cidr_block":null,"map_customer_owned_ip_on_launch":null,"map_public_ip_on_launch":false,"outpost_arn":null,"tags":{"Environment":"staging","Name":"complete","Owner":"user"},"tags_all":{"Environment":"staging","Name":"complete","Owner":"user"},"timeouts":null,"vpc_id":"module.vpc_example_complete-vpc.module.vpc.aws_vpc.this[0].id"},"after_unknown":{"arn":true,"availability_zone_id":true,"id":true,"ipv6_cidr_block_association_id":true,"owner_id":true,"tags":{},"tags_all":{}}}},{"address":"module.vpc_example_complete-vpc.module.vpc.aws_subnet.intra[1]","module_address":"module.vpc_example_complete-vpc.module.vpc","mode":"managed","type":"aws_subnet","name":"intra","index":1,"provider_name":"registry.terraform.io/hashicorp/aws","change":{"actions":["create"],"before":null,"after":{"assign_ipv6_address_on_creation":false,"availability_zone":"eu-west-1b","cidr_block":"20.10.52.0/24","customer_owned_ipv4_pool":null,"ipv6_cidr_block":null,"map_customer_owned_ip_on_launch":null,"map_public_ip_on_launch":false,"outpost_arn":null,"tags":{"Environment":"staging","Name":"complete","Owner":"user"},"tags_all":{"Environment":"staging","Name":"complete","Owner":"user"},"timeouts":null,"vpc_id":"module.vpc_example_complete-vpc.module.vpc.aws_vpc.this[0].id"},"after_unknown":{"arn":true,"availability_zone_id":true,"id":true,"ipv6_cidr_block_association_id":true,"owner_id":true,"tags":{},"tags_all":{}}}},{"address":"module.vpc_example_complete-vpc.module.vpc.aws_subnet.intra[2]","module_address":"module.vpc_example_complete-vpc.module.vpc","mode":"managed","type":"aws_subnet","name":"intra","index":2,"provider_name":"registry.terraform.io/hashicorp/aws","change":{"actions":["create"],"before":null,"after":{"assign_ipv6_address_on_creation":false,"availability_zone":"eu-west-1c","cidr_block":"20.10.53.0/24","customer_owned_ipv4_pool":null,"ipv6_cidr_block":null,"map_customer_owned_ip_on_launch":null,"map_public_ip_on_launch":false,"outpost_arn":null,"tags":{"Environment":"staging","Name":"complete","Owner":"user"},"tags_all":{"Environment":"staging","Name":"complete","Owner":"user"},"timeouts":null,"vpc_id":"module.vpc_example_complete-vpc.module.vpc.aws_vpc.this[0].id"},"after_unknown":{"arn":true,"availability_zone_id":true,"id":true,"ipv6_cidr_block_association_id":true,"owner_id":true,"tags":{},"tags_all":{}}}},{"address":"module.vpc_example_complete-vpc.module.vpc.aws_subnet.private[0]","module_address":"module.vpc_example_complete-vpc.module.vpc","mode":"managed","type":"aws_subnet","name":"private","index":0,"provider_name":"registry.terraform.io/hashicorp/aws","change":{"actions":["create"],"before":null,"after":{"assign_ipv6_address_on_creation":false,"availability_zone":"eu-west-1a","cidr_block":"20.10.1.0/24","customer_owned_ipv4_pool":null,"ipv6_cidr_block":null,"map_customer_owned_ip_on_launch":null,"map_public_ip_on_launch":false,"outpost_arn":null,"tags":{"Environment":"staging","Name":"complete","Owner":"user"},"tags_all":{"Environment":"staging","Name":"complete","Owner":"user"},"timeouts":null,"vpc_id":"module.vpc_example_complete-vpc.module.vpc.aws_vpc.this[0].id"},"after_unknown":{"arn":true,"availability_zone_id":true,"id":true,"ipv6_cidr_block_association_id":true,"owner_id":true,"tags":{},"tags_all":{}}}},{"address":"module.vpc_example_complete-vpc.module.vpc.aws_subnet.private[1]","module_address":"module.vpc_example_complete-vpc.module.vpc","mode":"managed","type":"aws_subnet","name":"private","index":1,"provider_name":"registry.terraform.io/hashicorp/aws","change":{"actions":["create"],"before":null,"after":{"assign_ipv6_address_on_creation":false,"availability_zone":"eu-west-1b","cidr_block":"20.10.2.0/24","customer_owned_ipv4_pool":null,"ipv6_cidr_block":null,"map_customer_owned_ip_on_launch":null,"map_public_ip_on_launch":false,"outpost_arn":null,"tags":{"Environment":"staging","Name":"complete","Owner":"user"},"tags_all":{"Environment":"staging","Name":"complete","Owner":"user"},"timeouts":null,"vpc_id":"module.vpc_example_complete-vpc.module.vpc.aws_vpc.this[0].id"},"after_unknown":{"arn":true,"availability_zone_id":true,"id":true,"ipv6_cidr_block_association_id":true,"owner_id":true,"tags":{},"tags_all":{}}}},{"address":"module.vpc_example_complete-vpc.module.vpc.aws_subnet.private[2]","module_address":"module.vpc_example_complete-vpc.module.vpc","mode":"managed","type":"aws_subnet","name":"private","index":2,"provider_name":"registry.terraform.io/hashicorp/aws","change":{"actions":["create"],"before":null,"after":{"assign_ipv6_address_on_creation":false,"availability_zone":"eu-west-1c","cidr_block":"20.10.3.0/24","customer_owned_ipv4_pool":null,"ipv6_cidr_block":null,"map_customer_owned_ip_on_launch":null,"map_public_ip_on_launch":false,"outpost_arn":null,"tags":{"Environment":"staging","Name":"complete","Owner":"user"},"tags_all":{"Environment":"staging","Name":"complete","Owner":"user"},"timeouts":null,"vpc_id":"module.vpc_example_complete-vpc.module.vpc.aws_vpc.this[0].id"},"after_unknown":{"arn":true,"availability_zone_id":true,"id":true,"ipv6_cidr_block_association_id":true,"owner_id":true,"tags":{},"tags_all":{}}}},{"address":"module.vpc_example_complete-vpc.module.vpc.aws_subnet.public[0]","module_address":"module.vpc_example_complete-vpc.module.vpc","mode":"managed","type":"aws_subnet","name":"public","index":0,"provider_name":"registry.terraform.io/hashicorp/aws","change":{"actions":["create"],"before":null,"after":{"assign_ipv6_address_on_creation":false,"availability_zone":"eu-west-1a","cidr_block":"20.10.11.0/24","customer_owned_ipv4_pool":null,"ipv6_cidr_block":null,"map_customer_owned_ip_on_launch":null,"map_public_ip_on_launch":true,"outpost_arn":null,"tags":{"Environment":"staging","Name":"complete","Owner":"user"},"tags_all":{"Environment":"staging","Name":"complete","Owner":"user"},"timeouts":null,"vpc_id":"module.vpc_example_complete-vpc.module.vpc.aws_vpc.this[0].id"},"after_unknown":{"arn":true,"availability_zone_id":true,"id":true,"ipv6_cidr_block_association_id":true,"owner_id":true,"tags":{},"tags_all":{}}}},{"address":"module.vpc_example_complete-vpc.module.vpc.aws_subnet.public[1]","module_address":"module.vpc_example_complete-vpc.module.vpc","mode":"managed","type":"aws_subnet","name":"public","index":1,"provider_name":"registry.terraform.io/hashicorp/aws","change":{"actions":["create"],"before":null,"after":{"assign_ipv6_address_on_creation":false,"availability_zone":"eu-west-1b","cidr_block":"20.10.12.0/24","customer_owned_ipv4_pool":null,"ipv6_cidr_block":null,"map_customer_owned_ip_on_launch":null,"map_public_ip_on_launch":true,"outpost_arn":null,"tags":{"Environment":"staging","Name":"complete","Owner":"user"},"tags_all":{"Environment":"staging","Name":"complete","Owner":"user"},"timeouts":null,"vpc_id":"module.vpc_example_complete-vpc.module.vpc.aws_vpc.this[0].id"},"after_unknown":{"arn":true,"availability_zone_id":true,"id":true,"ipv6_cidr_block_association_id":true,"owner_id":true,"tags":{},"tags_all":{}}}},{"address":"module.vpc_example_complete-vpc.module.vpc.aws_subnet.public[2]","module_address":"module.vpc_example_complete-vpc.module.vpc","mode":"managed","type":"aws_subnet","name":"public","index":2,"provider_name":"registry.terraform.io/hashicorp/aws","change":{"actions":["create"],"before":null,"after":{"assign_ipv6_address_on_creation":false,"availability_zone":"eu-west-1c","cidr_block":"20.10.13.0/24","customer_owned_ipv4_pool":null,"ipv6_cidr_block":null,"map_customer_owned_ip_on_launch":null,"map_public_ip_on_launch":true,"outpost_arn":null,"tags":{"Environment":"staging","Name":"complete","Owner":"user"},"tags_all":{"Environment":"staging","Name":"complete","Owner":"user"},"timeouts":null,"vpc_id":"module.vpc_example_complete-vpc.module.vpc.aws_vpc.this[0].id"},"after_unknown":{"arn":true,"availability_zone_id":true,"id":true,"ipv6_cidr_block_association_id":true,"owner_id":true,"tags":{},"tags_all":{}}}},{"address":"module.vpc_example_complete-vpc.module.vpc.aws_subnet.redshift[0]","module_address":"module.vpc_example_complete-vpc.module.vpc","mode":"managed","type":"aws_subnet","name":"redshift","index":0,"provider_name":"registry.terraform.io/hashicorp/aws","change":{"actions":["create"],"before":null,"after":{"assign_ipv6_address_on_creation":false,"availability_zone":"eu-west-1a","cidr_block":"20.10.41.0/24","customer_owned_ipv4_pool":null,"ipv6_cidr_block":null,"map_customer_owned_ip_on_launch":null,"map_public_ip_on_launch":false,"outpost_arn":null,"tags":{"Environment":"staging","Name":"complete","Owner":"user"},"tags_all":{"Environment":"staging","Name":"complete","Owner":"user"},"timeouts":null,"vpc_id":"module.vpc_example_complete-vpc.module.vpc.aws_vpc.this[0].id"},"after_unknown":{"arn":true,"availability_zone_id":true,"id":true,"ipv6_cidr_block_association_id":true,"owner_id":true,"tags":{},"tags_all":{}}}},{"address":"module.vpc_example_complete-vpc.module.vpc.aws_subnet.redshift[1]","module_address":"module.vpc_example_complete-vpc.module.vpc","mode":"managed","type":"aws_subnet","name":"redshift","index":1,"provider_name":"registry.terraform.io/hashicorp/aws","change":{"actions":["create"],"before":null,"after":{"assign_ipv6_address_on_creation":false,"availability_zone":"eu-west-1b","cidr_block":"20.10.42.0/24","customer_owned_ipv4_pool":null,"ipv6_cidr_block":null,"map_customer_owned_ip_on_launch":null,"map_public_ip_on_launch":false,"outpost_arn":null,"tags":{"Environment":"staging","Name":"complete","Owner":"user"},"tags_all":{"Environment":"staging","Name":"complete","Owner":"user"},"timeouts":null,"vpc_id":"module.vpc_example_complete-vpc.module.vpc.aws_vpc.this[0].id"},"after_unknown":{"arn":true,"availability_zone_id":true,"id":true,"ipv6_cidr_block_association_id":true,"owner_id":true,"tags":{},"tags_all":{}}}},{"address":"module.vpc_example_complete-vpc.module.vpc.aws_subnet.redshift[2]","module_address":"module.vpc_example_complete-vpc.module.vpc","mode":"managed","type":"aws_subnet","name":"redshift","index":2,"provider_name":"registry.terraform.io/hashicorp/aws","change":{"actions":["create"],"before":null,"after":{"assign_ipv6_address_on_creation":false,"availability_zone":"eu-west-1c","cidr_block":"20.10.43.0/24","customer_owned_ipv4_pool":null,"ipv6_cidr_block":null,"map_customer_owned_ip_on_launch":null,"map_public_ip_on_launch":false,"outpost_arn":null,"tags":{"Environment":"staging","Name":"complete","Owner":"user"},"tags_all":{"Environment":"staging","Name":"complete","Owner":"user"},"timeouts":null,"vpc_id":"module.vpc_example_complete-vpc.module.vpc.aws_vpc.this[0].id"},"after_unknown":{"arn":true,"availability_zone_id":true,"id":true,"ipv6_cidr_block_association_id":true,"owner_id":true,"tags":{},"tags_all":{}}}},{"address":"module.vpc_example_complete-vpc.module.vpc.aws_vpc.this[0]","module_address":"module.vpc_example_complete-vpc.module.vpc","mode":"managed","type":"aws_vpc","name":"this","index":0,"provider_name":"registry.terraform.io/hashicorp/aws","change":{"actions":["create"],"before":null,"after":{"assign_generated_ipv6_cidr_block":false,"cidr_block":"20.10.0.0/16","enable_classiclink":true,"enable_classiclink_dns_support":true,"enable_dns_hostnames":true,"enable_dns_support":true,"instance_tenancy":"default","tags":{"Environment":"staging","Name":"complete","Owner":"user"},"tags_all":{"Environment":"staging","Name":"complete","Owner":"user"}},"after_unknown":{"arn":true,"default_network_acl_id":true,"default_route_table_id":true,"default_security_group_id":true,"dhcp_options_id":true,"id":true,"ipv6_association_id":true,"ipv6_cidr_block":true,"main_route_table_id":true,"owner_id":true,"tags":{},"tags_all":{}}}},{"address":"module.vpc_example_complete-vpc.module.vpc.aws_vpc_dhcp_options.this[0]","module_address":"module.vpc_example_complete-vpc.module.vpc","mode":"managed","type":"aws_vpc_dhcp_options","name":"this","index":0,"provider_name":"registry.terraform.io/hashicorp/aws","change":{"actions":["create"],"before":null,"after":{"domain_name":"service.consul","domain_name_servers":["127.0.0.1","10.10.0.2"],"netbios_name_servers":[],"netbios_node_type":"","ntp_servers":[],"tags":{"Environment":"staging","Name":"complete","Owner":"user"},"tags_all":{"Environment":"staging","Name":"complete","Owner":"user"}},"after_unknown":{"arn":true,"domain_name_servers":[false,false],"id":true,"netbios_name_servers":[],"ntp_servers":[],"owner_id":true,"tags":{},"tags_all":{}}}},{"address":"module.vpc_example_complete-vpc.module.vpc.aws_vpc_dhcp_options_association.this[0]","module_address":"module.vpc_example_complete-vpc.module.vpc","mode":"managed","type":"aws_vpc_dhcp_options_association","name":"this","index":0,"provider_name":"registry.terraform.io/hashicorp/aws","change":{"actions":["create"],"before":null,"after":{"dhcp_options_id":"module.vpc_example_complete-vpc.module.vpc.aws_vpc_dhcp_options.this[0].id","vpc_id":"module.vpc_example_complete-vpc.module.vpc.aws_vpc.this[0].id"},"after_unknown":{"id":true}}},{"address":"module.vpc_example_complete-vpc.module.vpc.aws_vpn_gateway.this[0]","module_address":"module.vpc_example_complete-vpc.module.vpc","mode":"managed","type":"aws_vpn_gateway","name":"this","index":0,"provider_name":"registry.terraform.io/hashicorp/aws","change":{"actions":["create"],"before":null,"after":{"amazon_side_asn":"64512","availability_zone":null,"tags":{"Environment":"staging","Name":"complete","Owner":"user"},"tags_all":{"Environment":"staging","Name":"complete","Owner":"user"},"vpc_id":"module.vpc_example_complete-vpc.module.vpc.aws_vpc.this[0].id"},"after_unknown":{"arn":true,"id":true,"tags":{},"tags_all":{}}}},{"address":"module.vpc_example_complete-vpc.module.vpc_endpoints.aws_vpc_endpoint.this[\"codedeploy\"]","module_address":"module.vpc_example_complete-vpc.module.vpc_endpoints","mode":"managed","type":"aws_vpc_endpoint","name":"this","index":"codedeploy","provider_name":"registry.terraform.io/hashicorp/aws","change":{"actions":["create"],"before":null,"after":{"private_dns_enabled":true,"security_group_ids":["module.vpc_example_complete-vpc.data.aws_security_group.default.id"],"service_name":"module.vpc_example_complete-vpc.module.vpc_endpoints.data.aws_vpc_endpoint_service.this[codedeploy].service_name","subnet_ids":["module.vpc_example_complete-vpc.module.vpc.aws_subnet.private[0].id","module.vpc_example_complete-vpc.module.vpc.aws_subnet.private[1].id","module.vpc_example_complete-vpc.module.vpc.aws_subnet.private[2].id"],"tags":{"Endpoint":"true","Environment":"staging","Name":"complete","Owner":"user","Project":"Secret"},"timeouts":{"create":"10m","delete":"10m","update":"10m"},"vpc_endpoint_type":"Interface","vpc_id":"module.vpc_example_complete-vpc.module.vpc.aws_vpc.this[0].id"},"after_unknown":{"arn":true,"auto_accept":true,"cidr_blocks":true,"dns_entry":true,"id":true,"network_interface_ids":true,"owner_id":true,"policy":true,"prefix_list_id":true,"requester_managed":true,"route_table_ids":true,"security_group_ids":[false],"state":true,"subnet_ids":[false,false,false],"tags":{},"tags_all":true,"timeouts":{}}}},{"address":"module.vpc_example_complete-vpc.module.vpc_endpoints.aws_vpc_endpoint.this[\"codedeploy_commands_secure\"]","module_address":"module.vpc_example_complete-vpc.module.vpc_endpoints","mode":"managed","type":"aws_vpc_endpoint","name":"this","index":"codedeploy_commands_secure","provider_name":"registry.terraform.io/hashicorp/aws","change":{"actions":["create"],"before":null,"after":{"private_dns_enabled":true,"security_group_ids":["module.vpc_example_complete-vpc.data.aws_security_group.default.id"],"service_name":"module.vpc_example_complete-vpc.module.vpc_endpoints.data.aws_vpc_endpoint_service.this[codedeploy_commands_secure].service_name","subnet_ids":["module.vpc_example_complete-vpc.module.vpc.aws_subnet.private[0].id","module.vpc_example_complete-vpc.module.vpc.aws_subnet.private[1].id","module.vpc_example_complete-vpc.module.vpc.aws_subnet.private[2].id"],"tags":{"Endpoint":"true","Environment":"staging","Name":"complete","Owner":"user","Project":"Secret"},"timeouts":{"create":"10m","delete":"10m","update":"10m"},"vpc_endpoint_type":"Interface","vpc_id":"module.vpc_example_complete-vpc.module.vpc.aws_vpc.this[0].id"},"after_unknown":{"arn":true,"auto_accept":true,"cidr_blocks":true,"dns_entry":true,"id":true,"network_interface_ids":true,"owner_id":true,"policy":true,"prefix_list_id":true,"requester_managed":true,"route_table_ids":true,"security_group_ids":[false],"state":true,"subnet_ids":[false,false,false],"tags":{},"tags_all":true,"timeouts":{}}}},{"address":"module.vpc_example_complete-vpc.module.vpc_endpoints.aws_vpc_endpoint.this[\"dynamodb\"]","module_address":"module.vpc_example_complete-vpc.module.vpc_endpoints","mode":"managed","type":"aws_vpc_endpoint","name":"this","index":"dynamodb","provider_name":"registry.terraform.io/hashicorp/aws","change":{"actions":["create"],"before":null,"after":{"policy":"{\n  \"Version\": \"2012-10-17\",\n  \"Statement\": [\n    {\n      \"Sid\": \"\",\n      \"Effect\": \"Deny\",\n      \"Action\": \"dynamodb:*\",\n      \"Resource\": \"*\",\n      \"Principal\": \"*\",\n      \"Condition\": {\n        \"StringNotEquals\": {\n          \"aws:sourceVpce\": [\n            \"3674500381\"\n          ]\n        }\n      }\n    }\n  ]\n}","route_table_ids":["module.vpc_example_complete-vpc.module.vpc.aws_route_table.intra[0].id","module.vpc_example_complete-vpc.module.vpc.aws_route_table.private[0].id","module.vpc_example_complete-vpc.module.vpc.aws_route_table.public[0].id"],"service_name":"module.vpc_example_complete-vpc.module.vpc_endpoints.data.aws_vpc_endpoint_service.this[dynamodb].service_name","tags":{"Endpoint":"true","Environment":"staging","Name":"dynamodb-vpc-endpoint","Owner":"user","Project":"Secret"},"timeouts":{"create":"10m","delete":"10m","update":"10m"},"vpc_endpoint_type":"Gateway","vpc_id":"module.vpc_example_complete-vpc.module.vpc.aws_vpc.this[0].id"},"after_unknown":{"arn":true,"auto_accept":true,"cidr_blocks":true,"dns_entry":true,"id":true,"network_interface_ids":true,"owner_id":true,"prefix_list_id":true,"private_dns_enabled":true,"requester_managed":true,"route_table_ids":[false,false,false],"security_group_ids":true,"state":true,"subnet_ids":true,"tags":{},"tags_all":true,"timeouts":{}}}},{"address":"module.vpc_example_complete-vpc.module.vpc_endpoints.aws_vpc_endpoint.this[\"ec2\"]","module_address":"module.vpc_example_complete-vpc.module.vpc_endpoints","mode":"managed","type":"aws_vpc_endpoint","name":"this","index":"ec2","provider_name":"registry.terraform.io/hashicorp/aws","change":{"actions":["create"],"before":null,"after":{"private_dns_enabled":true,"security_group_ids":["module.vpc_example_complete-vpc.data.aws_security_group.default.id"],"service_name":"module.vpc_example_complete-vpc.module.vpc_endpoints.data.aws_vpc_endpoint_service.this[ec2].service_name","subnet_ids":["module.vpc_example_complete-vpc.module.vpc.aws_subnet.private[0].id","module.vpc_example_complete-vpc.module.vpc.aws_subnet.private[1].id","module.vpc_example_complete-vpc.module.vpc.aws_subnet.private[2].id"],"tags":{"Endpoint":"true","Environment":"staging","Name":"complete","Owner":"user","Project":"Secret"},"timeouts":{"create":"10m","delete":"10m","update":"10m"},"vpc_endpoint_type":"Interface","vpc_id":"module.vpc_example_complete-vpc.module.vpc.aws_vpc.this[0].id"},"after_unknown":{"arn":true,"auto_accept":true,"cidr_blocks":true,"dns_entry":true,"id":true,"network_interface_ids":true,"owner_id":true,"policy":true,"prefix_list_id":true,"requester_managed":true,"route_table_ids":true,"security_group_ids":[false],"state":true,"subnet_ids":[false,false,false],"tags":{},"tags_all":true,"timeouts":{}}}},{"address":"module.vpc_example_complete-vpc.module.vpc_endpoints.aws_vpc_endpoint.this[\"ec2messages\"]","module_address":"module.vpc_example_complete-vpc.module.vpc_endpoints","mode":"managed","type":"aws_vpc_endpoint","name":"this","index":"ec2messages","provider_name":"registry.terraform.io/hashicorp/aws","change":{"actions":["create"],"before":null,"after":{"private_dns_enabled":true,"security_group_ids":["module.vpc_example_complete-vpc.data.aws_security_group.default.id"],"service_name":"module.vpc_example_complete-vpc.module.vpc_endpoints.data.aws_vpc_endpoint_service.this[ec2messages].service_name","subnet_ids":["module.vpc_example_complete-vpc.module.vpc.aws_subnet.private[0].id","module.vpc_example_complete-vpc.module.vpc.aws_subnet.private[1].id","module.vpc_example_complete-vpc.module.vpc.aws_subnet.private[2].id"],"tags":{"Endpoint":"true","Environment":"staging","Name":"complete","Owner":"user","Project":"Secret"},"timeouts":{"create":"10m","delete":"10m","update":"10m"},"vpc_endpoint_type":"Interface","vpc_id":"module.vpc_example_complete-vpc.module.vpc.aws_vpc.this[0].id"},"after_unknown":{"arn":true,"auto_accept":true,"cidr_blocks":true,"dns_entry":true,"id":true,"network_interface_ids":true,"owner_id":true,"policy":true,"prefix_list_id":true,"requester_managed":true,"route_table_ids":true,"security_group_ids":[false],"state":true,"subnet_ids":[false,false,false],"tags":{},"tags_all":true,"timeouts":{}}}},{"address":"module.vpc_example_complete-vpc.module.vpc_endpoints.aws_vpc_endpoint.this[\"ecr_api\"]","module_address":"module.vpc_example_complete-vpc.module.vpc_endpoints","mode":"managed","type":"aws_vpc_endpoint","name":"this","index":"ecr_api","provider_name":"registry.terraform.io/hashicorp/aws","change":{"actions":["create"],"before":null,"after":{"policy":"{\n  \"Version\": \"2012-10-17\",\n  \"Statement\": [\n    {\n      \"Sid\": \"\",\n      \"Effect\": \"Deny\",\n      \"Action\": \"*\",\n      \"Resource\": \"*\",\n      \"Principal\": \"*\",\n      \"Condition\": {\n        \"StringNotEquals\": {\n          \"aws:sourceVpce\": [\n            \"3674500381\"\n          ]\n        }\n      }\n    }\n  ]\n}","private_dns_enabled":true,"security_group_ids":["module.vpc_example_complete-vpc.data.aws_security_group.default.id"],"service_name":"module.vpc_example_complete-vpc.module.vpc_endpoints.data.aws_vpc_endpoint_service.this[ecr_api].service_name","subnet_ids":["module.vpc_example_complete-vpc.module.vpc.aws_subnet.private[0].id","module.vpc_example_complete-vpc.module.vpc.aws_subnet.private[1].id","module.vpc_example_complete-vpc.module.vpc.aws_subnet.private[2].id"],"tags":{"Endpoint":"true","Environment":"staging","Name":"complete","Owner":"user","Project":"Secret"},"timeouts":{"create":"10m","delete":"10m","update":"10m"},"vpc_endpoint_type":"Interface","vpc_id":"module.vpc_example_complete-vpc.module.vpc.aws_vpc.this[0].id"},"after_unknown":{"arn":true,"auto_accept":true,"cidr_blocks":true,"dns_entry":true,"id":true,"network_interface_ids":true,"owner_id":true,"prefix_list_id":true,"requester_managed":true,"route_table_ids":true,"security_group_ids":[false],"state":true,"subnet_ids":[false,false,false],"tags":{},"tags_all":true,"timeouts":{}}}},{"address":"module.vpc_example_complete-vpc.module.vpc_endpoints.aws_vpc_endpoint.this[\"ecr_dkr\"]","module_address":"module.vpc_example_complete-vpc.module.vpc_endpoints","mode":"managed","type":"aws_vpc_endpoint","name":"this","index":"ecr_dkr","provider_name":"registry.terraform.io/hashicorp/aws","change":{"actions":["create"],"before":null,"after":{"policy":"{\n  \"Version\": \"2012-10-17\",\n  \"Statement\": [\n    {\n      \"Sid\": \"\",\n      \"Effect\": \"Deny\",\n      \"Action\": \"*\",\n      \"Resource\": \"*\",\n      \"Principal\": \"*\",\n      \"Condition\": {\n        \"StringNotEquals\": {\n          \"aws:sourceVpce\": [\n            \"3674500381\"\n          ]\n        }\n      }\n    }\n  ]\n}","private_dns_enabled":true,"security_group_ids":["module.vpc_example_complete-vpc.data.aws_security_group.default.id"],"service_name":"module.vpc_example_complete-vpc.module.vpc_endpoints.data.aws_vpc_endpoint_service.this[ecr_dkr].service_name","subnet_ids":["module.vpc_example_complete-vpc.module.vpc.aws_subnet.private[0].id","module.vpc_example_complete-vpc.module.vpc.aws_subnet.private[1].id","module.vpc_example_complete-vpc.module.vpc.aws_subnet.private[2].id"],"tags":{"Endpoint":"true","Environment":"staging","Name":"complete","Owner":"user","Project":"Secret"},"timeouts":{"create":"10m","delete":"10m","update":"10m"},"vpc_endpoint_type":"Interface","vpc_id":"module.vpc_example_complete-vpc.module.vpc.aws_vpc.this[0].id"},"after_unknown":{"arn":true,"auto_accept":true,"cidr_blocks":true,"dns_entry":true,"id":true,"network_interface_ids":true,"owner_id":true,"prefix_list_id":true,"requester_managed":true,"route_table_ids":true,"security_group_ids":[false],"state":true,"subnet_ids":[false,false,false],"tags":{},"tags_all":true,"timeouts":{}}}},{"address":"module.vpc_example_complete-vpc.module.vpc_endpoints.aws_vpc_endpoint.this[\"ecs\"]","module_address":"module.vpc_example_complete-vpc.module.vpc_endpoints","mode":"managed","type":"aws_vpc_endpoint","name":"this","index":"ecs","provider_name":"registry.terraform.io/hashicorp/aws","change":{"actions":["create"],"before":null,"after":{"private_dns_enabled":true,"security_group_ids":["module.vpc_example_complete-vpc.data.aws_security_group.default.id"],"service_name":"module.vpc_example_complete-vpc.module.vpc_endpoints.data.aws_vpc_endpoint_service.this[ecs].service_name","subnet_ids":["module.vpc_example_complete-vpc.module.vpc.aws_subnet.private[0].id","module.vpc_example_complete-vpc.module.vpc.aws_subnet.private[1].id","module.vpc_example_complete-vpc.module.vpc.aws_subnet.private[2].id"],"tags":{"Endpoint":"true","Environment":"staging","Name":"complete","Owner":"user","Project":"Secret"},"timeouts":{"create":"10m","delete":"10m","update":"10m"},"vpc_endpoint_type":"Interface","vpc_id":"module.vpc_example_complete-vpc.module.vpc.aws_vpc.this[0].id"},"after_unknown":{"arn":true,"auto_accept":true,"cidr_blocks":true,"dns_entry":true,"id":true,"network_interface_ids":true,"owner_id":true,"policy":true,"prefix_list_id":true,"requester_managed":true,"route_table_ids":true,"security_group_ids":[false],"state":true,"subnet_ids":[false,false,false],"tags":{},"tags_all":true,"timeouts":{}}}},{"address":"module.vpc_example_complete-vpc.module.vpc_endpoints.aws_vpc_endpoint.this[\"ecs_telemetry\"]","module_address":"module.vpc_example_complete-vpc.module.vpc_endpoints","mode":"managed","type":"aws_vpc_endpoint","name":"this","index":"ecs_telemetry","provider_name":"registry.terraform.io/hashicorp/aws","change":{"actions":["create"],"before":null,"after":{"private_dns_enabled":true,"security_group_ids":["module.vpc_example_complete-vpc.data.aws_security_group.default.id"],"service_name":"module.vpc_example_complete-vpc.module.vpc_endpoints.data.aws_vpc_endpoint_service.this[ecs_telemetry].service_name","subnet_ids":["module.vpc_example_complete-vpc.module.vpc.aws_subnet.private[0].id","module.vpc_example_complete-vpc.module.vpc.aws_subnet.private[1].id","module.vpc_example_complete-vpc.module.vpc.aws_subnet.private[2].id"],"tags":{"Endpoint":"true","Environment":"staging","Name":"complete","Owner":"user","Project":"Secret"},"timeouts":{"create":"10m","delete":"10m","update":"10m"},"vpc_endpoint_type":"Interface","vpc_id":"module.vpc_example_complete-vpc.module.vpc.aws_vpc.this[0].id"},"after_unknown":{"arn":true,"auto_accept":true,"cidr_blocks":true,"dns_entry":true,"id":true,"network_interface_ids":true,"owner_id":true,"policy":true,"prefix_list_id":true,"requester_managed":true,"route_table_ids":true,"security_group_ids":[false],"state":true,"subnet_ids":[false,false,false],"tags":{},"tags_all":true,"timeouts":{}}}},{"address":"module.vpc_example_complete-vpc.module.vpc_endpoints.aws_vpc_endpoint.this[\"kms\"]","module_address":"module.vpc_example_complete-vpc.module.vpc_endpoints","mode":"managed","type":"aws_vpc_endpoint","name":"this","index":"kms","provider_name":"registry.terraform.io/hashicorp/aws","change":{"actions":["create"],"before":null,"after":{"private_dns_enabled":true,"security_group_ids":["module.vpc_example_complete-vpc.data.aws_security_group.default.id"],"service_name":"module.vpc_example_complete-vpc.module.vpc_endpoints.data.aws_vpc_endpoint_service.this[kms].service_name","subnet_ids":["module.vpc_example_complete-vpc.module.vpc.aws_subnet.private[0].id","module.vpc_example_complete-vpc.module.vpc.aws_subnet.private[1].id","module.vpc_example_complete-vpc.module.vpc.aws_subnet.private[2].id"],"tags":{"Endpoint":"true","Environment":"staging","Name":"complete","Owner":"user","Project":"Secret"},"timeouts":{"create":"10m","delete":"10m","update":"10m"},"vpc_endpoint_type":"Interface","vpc_id":"module.vpc_example_complete-vpc.module.vpc.aws_vpc.this[0].id"},"after_unknown":{"arn":true,"auto_accept":true,"cidr_blocks":true,"dns_entry":true,"id":true,"network_interface_ids":true,"owner_id":true,"policy":true,"prefix_list_id":true,"requester_managed":true,"route_table_ids":true,"security_group_ids":[false],"state":true,"subnet_ids":[false,false,false],"tags":{},"tags_all":true,"timeouts":{}}}},{"address":"module.vpc_example_complete-vpc.module.vpc_endpoints.aws_vpc_endpoint.this[\"lambda\"]","module_address":"module.vpc_example_complete-vpc.module.vpc_endpoints","mode":"managed","type":"aws_vpc_endpoint","name":"this","index":"lambda","provider_name":"registry.terraform.io/hashicorp/aws","change":{"actions":["create"],"before":null,"after":{"private_dns_enabled":true,"security_group_ids":["module.vpc_example_complete-vpc.data.aws_security_group.default.id"],"service_name":"module.vpc_example_complete-vpc.module.vpc_endpoints.data.aws_vpc_endpoint_service.this[lambda].service_name","subnet_ids":["module.vpc_example_complete-vpc.module.vpc.aws_subnet.private[0].id","module.vpc_example_complete-vpc.module.vpc.aws_subnet.private[1].id","module.vpc_example_complete-vpc.module.vpc.aws_subnet.private[2].id"],"tags":{"Endpoint":"true","Environment":"staging","Name":"complete","Owner":"user","Project":"Secret"},"timeouts":{"create":"10m","delete":"10m","update":"10m"},"vpc_endpoint_type":"Interface","vpc_id":"module.vpc_example_complete-vpc.module.vpc.aws_vpc.this[0].id"},"after_unknown":{"arn":true,"auto_accept":true,"cidr_blocks":true,"dns_entry":true,"id":true,"network_interface_ids":true,"owner_id":true,"policy":true,"prefix_list_id":true,"requester_managed":true,"route_table_ids":true,"security_group_ids":[false],"state":true,"subnet_ids":[false,false,false],"tags":{},"tags_all":true,"timeouts":{}}}},{"address":"module.vpc_example_complete-vpc.module.vpc_endpoints.aws_vpc_endpoint.this[\"s3\"]","module_address":"module.vpc_example_complete-vpc.module.vpc_endpoints","mode":"managed","type":"aws_vpc_endpoint","name":"this","index":"s3","provider_name":"registry.terraform.io/hashicorp/aws","change":{"actions":["create"],"before":null,"after":{"auto_accept":null,"private_dns_enabled":false,"security_group_ids":["module.vpc_example_complete-vpc.data.aws_security_group.default.id"],"service_name":"com.amazonaws.eu-west-1.s3","subnet_ids":[],"tags":{"Endpoint":"true","Environment":"staging","Name":"s3-vpc-endpoint","Owner":"user","Project":"Secret"},"tags_all":{"Endpoint":"true","Environment":"staging","Name":"s3-vpc-endpoint","Owner":"user","Project":"Secret"},"timeouts":{"create":"10m","delete":"10m","update":"10m"},"vpc_endpoint_type":"Interface","vpc_id":"module.vpc_example_complete-vpc.module.vpc.aws_vpc.this[0].id"},"after_unknown":{"arn":true,"cidr_blocks":true,"dns_entry":true,"id":true,"network_interface_ids":true,"owner_id":true,"policy":true,"prefix_list_id":true,"requester_managed":true,"route_table_ids":true,"security_group_ids":[false],"state":true,"subnet_ids":[],"tags":{},"tags_all":{},"timeouts":{}}}},{"address":"module.vpc_example_complete-vpc.module.vpc_endpoints.aws_vpc_endpoint.this[\"ssm\"]","module_address":"module.vpc_example_complete-vpc.module.vpc_endpoints","mode":"managed","type":"aws_vpc_endpoint","name":"this","index":"ssm","provider_name":"registry.terraform.io/hashicorp/aws","change":{"actions":["create"],"before":null,"after":{"private_dns_enabled":true,"security_group_ids":["module.vpc_example_complete-vpc.data.aws_security_group.default.id"],"service_name":"module.vpc_example_complete-vpc.module.vpc_endpoints.data.aws_vpc_endpoint_service.this[ssm].service_name","subnet_ids":["module.vpc_example_complete-vpc.module.vpc.aws_subnet.private[0].id","module.vpc_example_complete-vpc.module.vpc.aws_subnet.private[1].id","module.vpc_example_complete-vpc.module.vpc.aws_subnet.private[2].id"],"tags":{"Endpoint":"true","Environment":"staging","Name":"complete","Owner":"user","Project":"Secret"},"timeouts":{"create":"10m","delete":"10m","update":"10m"},"vpc_endpoint_type":"Interface","vpc_id":"module.vpc_example_complete-vpc.module.vpc.aws_vpc.this[0].id"},"after_unknown":{"arn":true,"auto_accept":true,"cidr_blocks":true,"dns_entry":true,"id":true,"network_interface_ids":true,"owner_id":true,"policy":true,"prefix_list_id":true,"requester_managed":true,"route_table_ids":true,"security_group_ids":[false],"state":true,"subnet_ids":[false,false,false],"tags":{},"tags_all":true,"timeouts":{}}}},{"address":"module.vpc_example_complete-vpc.module.vpc_endpoints.aws_vpc_endpoint.this[\"ssmmessages\"]","module_address":"module.vpc_example_complete-vpc.module.vpc_endpoints","mode":"managed","type":"aws_vpc_endpoint","name":"this","index":"ssmmessages","provider_name":"registry.terraform.io/hashicorp/aws","change":{"actions":["create"],"before":null,"after":{"private_dns_enabled":true,"security_group_ids":["module.vpc_example_complete-vpc.data.aws_security_group.default.id"],"service_name":"module.vpc_example_complete-vpc.module.vpc_endpoints.data.aws_vpc_endpoint_service.this[ssmmessages].service_name","subnet_ids":["module.vpc_example_complete-vpc.module.vpc.aws_subnet.private[0].id","module.vpc_example_complete-vpc.module.vpc.aws_subnet.private[1].id","module.vpc_example_complete-vpc.module.vpc.aws_subnet.private[2].id"],"tags":{"Endpoint":"true","Environment":"staging","Name":"complete","Owner":"user","Project":"Secret"},"timeouts":{"create":"10m","delete":"10m","update":"10m"},"vpc_endpoint_type":"Interface","vpc_id":"module.vpc_example_complete-vpc.module.vpc.aws_vpc.this[0].id"},"after_unknown":{"arn":true,"auto_accept":true,"cidr_blocks":true,"dns_entry":true,"id":true,"network_interface_ids":true,"owner_id":true,"policy":true,"prefix_list_id":true,"requester_managed":true,"route_table_ids":true,"security_group_ids":[false],"state":true,"subnet_ids":[false,false,false],"tags":{},"tags_all":true,"timeouts":{}}}},{"address":"module.vpc_example_complete-vpc.module.vpc_endpoints.data.aws_vpc_endpoint_service.this[\"codedeploy\"]","module_address":"module.vpc_example_complete-vpc.module.vpc_endpoints","mode":"data","type":"aws_vpc_endpoint_service","name":"this","index":"codedeploy","provider_name":"registry.terraform.io/hashicorp/aws","change":{"actions":["read"],"before":null,"after":{"filter":[{"name":"service-type","values":["Interface"]}],"service":"codedeploy"},"after_unknown":{"acceptance_required":true,"arn":true,"availability_zones":true,"base_endpoint_dns_names":true,"filter":[{"values":[false]}],"id":true,"manages_vpc_endpoints":true,"owner":true,"private_dns_name":true,"service_id":true,"service_name":true,"service_type":true,"tags":true,"vpc_endpoint_policy_supported":true}}},{"address":"module.vpc_example_complete-vpc.module.vpc_endpoints.data.aws_vpc_endpoint_service.this[\"codedeploy_commands_secure\"]","module_address":"module.vpc_example_complete-vpc.module.vpc_endpoints","mode":"data","type":"aws_vpc_endpoint_service","name":"this","index":"codedeploy_commands_secure","provider_name":"registry.terraform.io/hashicorp/aws","change":{"actions":["read"],"before":null,"after":{"filter":[{"name":"service-type","values":["Interface"]}],"service":"codedeploy-commands-secure"},"after_unknown":{"acceptance_required":true,"arn":true,"availability_zones":true,"base_endpoint_dns_names":true,"filter":[{"values":[false]}],"id":true,"manages_vpc_endpoints":true,"owner":true,"private_dns_name":true,"service_id":true,"service_name":true,"service_type":true,"tags":true,"vpc_endpoint_policy_supported":true}}},{"address":"module.vpc_example_complete-vpc.module.vpc_endpoints.data.aws_vpc_endpoint_service.this[\"dynamodb\"]","module_address":"module.vpc_example_complete-vpc.module.vpc_endpoints","mode":"data","type":"aws_vpc_endpoint_service","name":"this","index":"dynamodb","provider_name":"registry.terraform.io/hashicorp/aws","change":{"actions":["read"],"before":null,"after":{"filter":[{"name":"service-type","values":["Gateway"]}],"service":"dynamodb"},"after_unknown":{"acceptance_required":true,"arn":true,"availability_zones":true,"base_endpoint_dns_names":true,"filter":[{"values":[false]}],"id":true,"manages_vpc_endpoints":true,"owner":true,"private_dns_name":true,"service_id":true,"service_name":true,"service_type":true,"tags":true,"vpc_endpoint_policy_supported":true}}},{"address":"module.vpc_example_complete-vpc.module.vpc_endpoints.data.aws_vpc_endpoint_service.this[\"ec2\"]","module_address":"module.vpc_example_complete-vpc.module.vpc_endpoints","mode":"data","type":"aws_vpc_endpoint_service","name":"this","index":"ec2","provider_name":"registry.terraform.io/hashicorp/aws","change":{"actions":["read"],"before":null,"after":{"filter":[{"name":"service-type","values":["Interface"]}],"service":"ec2"},"after_unknown":{"acceptance_required":true,"arn":true,"availability_zones":true,"base_endpoint_dns_names":true,"filter":[{"values":[false]}],"id":true,"manages_vpc_endpoints":true,"owner":true,"private_dns_name":true,"service_id":true,"service_name":true,"service_type":true,"tags":true,"vpc_endpoint_policy_supported":true}}},{"address":"module.vpc_example_complete-vpc.module.vpc_endpoints.data.aws_vpc_endpoint_service.this[\"ec2messages\"]","module_address":"module.vpc_example_complete-vpc.module.vpc_endpoints","mode":"data","type":"aws_vpc_endpoint_service","name":"this","index":"ec2messages","provider_name":"registry.terraform.io/hashicorp/aws","change":{"actions":["read"],"before":null,"after":{"filter":[{"name":"service-type","values":["Interface"]}],"service":"ec2messages"},"after_unknown":{"acceptance_required":true,"arn":true,"availability_zones":true,"base_endpoint_dns_names":true,"filter":[{"values":[false]}],"id":true,"manages_vpc_endpoints":true,"owner":true,"private_dns_name":true,"service_id":true,"service_name":true,"service_type":true,"tags":true,"vpc_endpoint_policy_supported":true}}},{"address":"module.vpc_example_complete-vpc.module.vpc_endpoints.data.aws_vpc_endpoint_service.this[\"ecr_api\"]","module_address":"module.vpc_example_complete-vpc.module.vpc_endpoints","mode":"data","type":"aws_vpc_endpoint_service","name":"this","index":"ecr_api","provider_name":"registry.terraform.io/hashicorp/aws","change":{"actions":["read"],"before":null,"after":{"filter":[{"name":"service-type","values":["Interface"]}],"service":"ecr.api"},"after_unknown":{"acceptance_required":true,"arn":true,"availability_zones":true,"base_endpoint_dns_names":true,"filter":[{"values":[false]}],"id":true,"manages_vpc_endpoints":true,"owner":true,"private_dns_name":true,"service_id":true,"service_name":true,"service_type":true,"tags":true,"vpc_endpoint_policy_supported":true}}},{"address":"module.vpc_example_complete-vpc.module.vpc_endpoints.data.aws_vpc_endpoint_service.this[\"ecr_dkr\"]","module_address":"module.vpc_example_complete-vpc.module.vpc_endpoints","mode":"data","type":"aws_vpc_endpoint_service","name":"this","index":"ecr_dkr","provider_name":"registry.terraform.io/hashicorp/aws","change":{"actions":["read"],"before":null,"after":{"filter":[{"name":"service-type","values":["Interface"]}],"service":"ecr.dkr"},"after_unknown":{"acceptance_required":true,"arn":true,"availability_zones":true,"base_endpoint_dns_names":true,"filter":[{"values":[false]}],"id":true,"manages_vpc_endpoints":true,"owner":true,"private_dns_name":true,"service_id":true,"service_name":true,"service_type":true,"tags":true,"vpc_endpoint_policy_supported":true}}},{"address":"module.vpc_example_complete-vpc.module.vpc_endpoints.data.aws_vpc_endpoint_service.this[\"ecs\"]","module_address":"module.vpc_example_complete-vpc.module.vpc_endpoints","mode":"data","type":"aws_vpc_endpoint_service","name":"this","index":"ecs","provider_name":"registry.terraform.io/hashicorp/aws","change":{"actions":["read"],"before":null,"after":{"filter":[{"name":"service-type","values":["Interface"]}],"service":"ecs"},"after_unknown":{"acceptance_required":true,"arn":true,"availability_zones":true,"base_endpoint_dns_names":true,"filter":[{"values":[false]}],"id":true,"manages_vpc_endpoints":true,"owner":true,"private_dns_name":true,"service_id":true,"service_name":true,"service_type":true,"tags":true,"vpc_endpoint_policy_supported":true}}},{"address":"module.vpc_example_complete-vpc.module.vpc_endpoints.data.aws_vpc_endpoint_service.this[\"ecs_telemetry\"]","module_address":"module.vpc_example_complete-vpc.module.vpc_endpoints","mode":"data","type":"aws_vpc_endpoint_service","name":"this","index":"ecs_telemetry","provider_name":"registry.terraform.io/hashicorp/aws","change":{"actions":["read"],"before":null,"after":{"filter":[{"name":"service-type","values":["Interface"]}],"service":"ecs-telemetry"},"after_unknown":{"acceptance_required":true,"arn":true,"availability_zones":true,"base_endpoint_dns_names":true,"filter":[{"values":[false]}],"id":true,"manages_vpc_endpoints":true,"owner":true,"private_dns_name":true,"service_id":true,"service_name":true,"service_type":true,"tags":true,"vpc_endpoint_policy_supported":true}}},{"address":"module.vpc_example_complete-vpc.module.vpc_endpoints.data.aws_vpc_endpoint_service.this[\"kms\"]","module_address":"module.vpc_example_complete-vpc.module.vpc_endpoints","mode":"data","type":"aws_vpc_endpoint_service","name":"this","index":"kms","provider_name":"registry.terraform.io/hashicorp/aws","change":{"actions":["read"],"before":null,"after":{"filter":[{"name":"service-type","values":["Interface"]}],"service":"kms"},"after_unknown":{"acceptance_required":true,"arn":true,"availability_zones":true,"base_endpoint_dns_names":true,"filter":[{"values":[false]}],"id":true,"manages_vpc_endpoints":true,"owner":true,"private_dns_name":true,"service_id":true,"service_name":true,"service_type":true,"tags":true,"vpc_endpoint_policy_supported":true}}},{"address":"module.vpc_example_complete-vpc.module.vpc_endpoints.data.aws_vpc_endpoint_service.this[\"lambda\"]","module_address":"module.vpc_example_complete-vpc.module.vpc_endpoints","mode":"data","type":"aws_vpc_endpoint_service","name":"this","index":"lambda","provider_name":"registry.terraform.io/hashicorp/aws","change":{"actions":["read"],"before":null,"after":{"filter":[{"name":"service-type","values":["Interface"]}],"service":"lambda"},"after_unknown":{"acceptance_required":true,"arn":true,"availability_zones":true,"base_endpoint_dns_names":true,"filter":[{"values":[false]}],"id":true,"manages_vpc_endpoints":true,"owner":true,"private_dns_name":true,"service_id":true,"service_name":true,"service_type":true,"tags":true,"vpc_endpoint_policy_supported":true}}},{"address":"module.vpc_example_complete-vpc.module.vpc_endpoints.data.aws_vpc_endpoint_service.this[\"ssm\"]","module_address":"module.vpc_example_complete-vpc.module.vpc_endpoints","mode":"data","type":"aws_vpc_endpoint_service","name":"this","index":"ssm","provider_name":"registry.terraform.io/hashicorp/aws","change":{"actions":["read"],"before":null,"after":{"filter":[{"name":"service-type","values":["Interface"]}],"service":"ssm"},"after_unknown":{"acceptance_required":true,"arn":true,"availability_zones":true,"base_endpoint_dns_names":true,"filter":[{"values":[false]}],"id":true,"manages_vpc_endpoints":true,"owner":true,"private_dns_name":true,"service_id":true,"service_name":true,"service_type":true,"tags":true,"vpc_endpoint_policy_supported":true}}},{"address":"module.vpc_example_complete-vpc.module.vpc_endpoints.data.aws_vpc_endpoint_service.this[\"ssmmessages\"]","module_address":"module.vpc_example_complete-vpc.module.vpc_endpoints","mode":"data","type":"aws_vpc_endpoint_service","name":"this","index":"ssmmessages","provider_name":"registry.terraform.io/hashicorp/aws","change":{"actions":["read"],"before":null,"after":{"filter":[{"name":"service-type","values":["Interface"]}],"service":"ssmmessages"},"after_unknown":{"acceptance_required":true,"arn":true,"availability_zones":true,"base_endpoint_dns_names":true,"filter":[{"values":[false]}],"id":true,"manages_vpc_endpoints":true,"owner":true,"private_dns_name":true,"service_id":true,"service_name":true,"service_type":true,"tags":true,"vpc_endpoint_policy_supported":true}}}],"output_changes":{"additional_tag_map":{"actions":["create"],"before":null,"after":{},"after_unknown":false},"arn":{"actions":["create"],"before":null,"after":"module.ec2-bastion-server.aws_instance.default[0].arn","after_unknown":false},"attributes":{"actions":["create"],"before":null,"after":[],"after_unknown":false},"azs":{"actions":["create"],"before":null,"after":["eu-west-1a","eu-west-1b","eu-west-1c"],"after_unknown":false},"cgw_arns":{"actions":["create"],"before":null,"after":["module.vpc_example_complete-vpc.module.vpc.aws_customer_gateway.this[IP1].arn","module.vpc_example_complete-vpc.module.vpc.aws_customer_gateway.this[IP2].arn"],"after_unknown":false},"cgw_ids":{"actions":["create"],"before":null,"after":["module.vpc_example_complete-vpc.module.vpc.aws_customer_gateway.this[IP1].id","module.vpc_example_complete-vpc.module.vpc.aws_customer_gateway.this[IP2].id"],"after_unknown":false},"context":{"actions":["create"],"before":null,"after":{"additional_tag_map":{},"attributes":[],"delimiter":null,"enabled":true,"environment":null,"id_length_limit":null,"label_key_case":null,"label_order":[],"label_value_case":null,"name":"bastion","namespace":"test","regex_replace_chars":null,"stage":"dev","tags":{}},"after_unknown":false},"database_internet_gateway_route_id":{"actions":["create"],"before":null,"after":"","after_unknown":false},"database_ipv6_egress_route_id":{"actions":["create"],"before":null,"after":"","after_unknown":false},"database_nat_gateway_route_ids":{"actions":["create"],"before":null,"after":[],"after_unknown":false},"database_network_acl_arn":{"actions":["create"],"before":null,"after":"","after_unknown":false},"database_network_acl_id":{"actions":["create"],"before":null,"after":"","after_unknown":false},"database_route_table_association_ids":{"actions":["create"],"before":null,"after":["module.vpc_example_complete-vpc.module.vpc.aws_route_table_association.database[0].id","module.vpc_example_complete-vpc.module.vpc.aws_route_table_association.database[1].id","module.vpc_example_complete-vpc.module.vpc.aws_route_table_association.database[2].id"],"after_unknown":false},"database_route_table_ids":{"actions":["create"],"before":null,"after":["module.vpc_example_complete-vpc.module.vpc.aws_route_table.private[0].id"],"after_unknown":false},"database_subnet_arns":{"actions":["create"],"before":null,"after":["module.vpc_example_complete-vpc.module.vpc.aws_subnet.database[0].arn","module.vpc_example_complete-vpc.module.vpc.aws_subnet.database[1].arn","module.vpc_example_complete-vpc.module.vpc.aws_subnet.database[2].arn"],"after_unknown":false},"database_subnet_group":{"actions":["create"],"before":null,"after":"","after_unknown":false},"database_subnet_group_name":{"actions":["create"],"before":null,"after":"","after_unknown":false},"database_subnets":{"actions":["create"],"before":null,"after":["module.vpc_example_complete-vpc.module.vpc.aws_subnet.database[0].id","module.vpc_example_complete-vpc.module.vpc.aws_subnet.database[1].id","module.vpc_example_complete-vpc.module.vpc.aws_subnet.database[2].id"],"after_unknown":false},"database_subnets_cidr_blocks":{"actions":["create"],"before":null,"after":["20.10.21.0/24","20.10.22.0/24","20.10.23.0/24"],"after_unknown":false},"database_subnets_ipv6_cidr_blocks":{"actions":["create"],"before":null,"after":[null,null,null],"after_unknown":false},"default_network_acl_id":{"actions":["create"],"before":null,"after":"module.vpc_example_complete-vpc.module.vpc.aws_vpc.this[0].default_network_acl_id","after_unknown":false},"default_route_table_id":{"actions":["create"],"before":null,"after":"module.vpc_example_complete-vpc.module.vpc.aws_vpc.this[0].default_route_table_id","after_unknown":false},"default_security_group_id":{"actions":["create"],"before":null,"after":"module.vpc_example_complete-vpc.module.vpc.aws_vpc.this[0].default_security_group_id","after_unknown":false},"default_vpc_arn":{"actions":["create"],"before":null,"after":"","after_unknown":false},"default_vpc_cidr_block":{"actions":["create"],"before":null,"after":"","after_unknown":false},"default_vpc_default_network_acl_id":{"actions":["create"],"before":null,"after":"","after_unknown":false},"default_vpc_default_route_table_id":{"actions":["create"],"before":null,"after":"","after_unknown":false},"default_vpc_default_security_group_id":{"actions":["create"],"before":null,"after":"","after_unknown":false},"default_vpc_enable_dns_hostnames":{"actions":["create"],"before":null,"after":"","after_unknown":false},"default_vpc_enable_dns_support":{"actions":["create"],"before":null,"after":"","after_unknown":false},"default_vpc_id":{"actions":["create"],"before":null,"after":"","after_unknown":false},"default_vpc_instance_tenancy":{"actions":["create"],"before":null,"after":"","after_unknown":false},"default_vpc_main_route_table_id":{"actions":["create"],"before":null,"after":"","after_unknown":false},"delimiter":{"actions":["create"],"before":null,"after":"-","after_unknown":false},"egress_only_internet_gateway_id":{"actions":["create"],"before":null,"after":"","after_unknown":false},"elasticache_network_acl_arn":{"actions":["create"],"before":null,"after":"","after_unknown":false},"elasticache_network_acl_id":{"actions":["create"],"before":null,"after":"","after_unknown":false},"elasticache_route_table_association_ids":{"actions":["create"],"before":null,"after":["module.vpc_example_complete-vpc.module.vpc.aws_route_table_association.elasticache[0].id","module.vpc_example_complete-vpc.module.vpc.aws_route_table_association.elasticache[1].id","module.vpc_example_complete-vpc.module.vpc.aws_route_table_association.elasticache[2].id"],"after_unknown":false},"elasticache_route_table_ids":{"actions":["create"],"before":null,"after":["module.vpc_example_complete-vpc.module.vpc.aws_route_table.private[0].id"],"after_unknown":false},"elasticache_subnet_arns":{"actions":["create"],"before":null,"after":["module.vpc_example_complete-vpc.module.vpc.aws_subnet.elasticache[0].arn","module.vpc_example_complete-vpc.module.vpc.aws_subnet.elasticache[1].arn","module.vpc_example_complete-vpc.module.vpc.aws_subnet.elasticache[2].arn"],"after_unknown":false},"elasticache_subnet_group":{"actions":["create"],"before":null,"after":"module.vpc_example_complete-vpc.module.vpc.aws_elasticache_subnet_group.elasticache[0].id","after_unknown":false},"elasticache_subnet_group_name":{"actions":["create"],"before":null,"after":"complete-example","after_unknown":false},"elasticache_subnets":{"actions":["create"],"before":null,"after":["module.vpc_example_complete-vpc.module.vpc.aws_subnet.elasticache[0].id","module.vpc_example_complete-vpc.module.vpc.aws_subnet.elasticache[1].id","module.vpc_example_complete-vpc.module.vpc.aws_subnet.elasticache[2].id"],"after_unknown":false},"elasticache_subnets_cidr_blocks":{"actions":["create"],"before":null,"after":["20.10.31.0/24","20.10.32.0/24","20.10.33.0/24"],"after_unknown":false},"elasticache_subnets_ipv6_cidr_blocks":{"actions":["create"],"before":null,"after":[null,null,null],"after_unknown":false},"enabled":{"actions":["create"],"before":null,"after":true,"after_unknown":false},"endpoints":{"actions":["create"],"before":null,"after_unknown":true},"environment":{"actions":["create"],"before":null,"after":"","after_unknown":false},"hostname":{"actions":["create"],"before":null,"after":"","after_unknown":false},"id":{"actions":["create"],"before":null,"after":"module.ec2-bastion-server.aws_instance.default[0].id","after_unknown":false},"id_full":{"actions":["create"],"before":null,"after":"","after_unknown":false},"id_length_limit":{"actions":["create"],"before":null,"after":0,"after_unknown":false},"igw_arn":{"actions":["create"],"before":null,"after":"module.vpc_example_complete-vpc.module.vpc.aws_internet_gateway.this[0].arn","after_unknown":false},"igw_id":{"actions":["create"],"before":null,"after":"module.vpc_example_complete-vpc.module.vpc.aws_internet_gateway.this[0].id","after_unknown":false},"instance_id":{"actions":["create"],"before":null,"after":"module.ec2-bastion-server.aws_instance.default[0].id","after_unknown":false},"intra_network_acl_arn":{"actions":["create"],"before":null,"after":"","after_unknown":false},"intra_network_acl_id":{"actions":["create"],"before":null,"after":"","after_unknown":false},"intra_route_table_association_ids":{"actions":["create"],"before":null,"after":["module.vpc_example_complete-vpc.module.vpc.aws_route_table_association.intra[0].id","module.vpc_example_complete-vpc.module.vpc.aws_route_table_association.intra[1].id","module.vpc_example_complete-vpc.module.vpc.aws_route_table_association.intra[2].id"],"after_unknown":false},"intra_route_table_ids":{"actions":["create"],"before":null,"after":["module.vpc_example_complete-vpc.module.vpc.aws_route_table.intra[0].id"],"after_unknown":false},"intra_subnet_arns":{"actions":["create"],"before":null,"after":["module.vpc_example_complete-vpc.module.vpc.aws_subnet.intra[0].arn","module.vpc_example_complete-vpc.module.vpc.aws_subnet.intra[1].arn","module.vpc_example_complete-vpc.module.vpc.aws_subnet.intra[2].arn"],"after_unknown":false},"intra_subnets":{"actions":["create"],"before":null,"after":["module.vpc_example_complete-vpc.module.vpc.aws_subnet.intra[0].id","module.vpc_example_complete-vpc.module.vpc.aws_subnet.intra[1].id","module.vpc_example_complete-vpc.module.vpc.aws_subnet.intra[2].id"],"after_unknown":false},"intra_subnets_cidr_blocks":{"actions":["create"],"before":null,"after":["20.10.51.0/24","20.10.52.0/24","20.10.53.0/24"],"after_unknown":false},"intra_subnets_ipv6_cidr_blocks":{"actions":["create"],"before":null,"after":[null,null,null],"after_unknown":false},"label_order":{"actions":["create"],"before":null,"after":["namespace","environment","stage","name","attributes"],"after_unknown":false},"name":{"actions":["create"],"before":null,"after":"test-dev-bastion","after_unknown":false},"namespace":{"actions":["create"],"before":null,"after":"test","after_unknown":false},"nat_ids":{"actions":["create"],"before":null,"after":["module.vpc_example_complete-vpc.module.vpc.aws_eip.nat[0].id"],"after_unknown":false},"nat_public_ips":{"actions":["create"],"before":null,"after":["module.vpc_example_complete-vpc.module.vpc.aws_eip.nat[0].public_ip"],"after_unknown":false},"natgw_ids":{"actions":["create"],"before":null,"after":["module.vpc_example_complete-vpc.module.vpc.aws_nat_gateway.this[0].id"],"after_unknown":false},"normalized_context":{"actions":["create"],"before":null,"after":{"additional_tag_map":{},"attributes":[],"delimiter":"-","enabled":false,"environment":"","id_length_limit":0,"label_key_case":"title","label_order":["namespace","environment","stage","name","attributes"],"label_value_case":"lower","name":"bastion","namespace":"test","regex_replace_chars":"/[^-a-zA-Z0-9]/","stage":"dev","tags":{"Name":"test-dev-bastion","Namespace":"test","Stage":"dev"}},"after_unknown":false},"outpost_network_acl_arn":{"actions":["create"],"before":null,"after":"","after_unknown":false},"outpost_network_acl_id":{"actions":["create"],"before":null,"after":"","after_unknown":false},"outpost_subnet_arns":{"actions":["create"],"before":null,"after":[],"after_unknown":false},"outpost_subnets":{"actions":["create"],"before":null,"after":[],"after_unknown":false},"outpost_subnets_cidr_blocks":{"actions":["create"],"before":null,"after":[],"after_unknown":false},"outpost_subnets_ipv6_cidr_blocks":{"actions":["create"],"before":null,"after":[],"after_unknown":false},"private_dns":{"actions":["create"],"before":null,"after":"module.ec2-bastion-server.aws_instance.default[0].private_dns","after_unknown":false},"private_ip":{"actions":["create"],"before":null,"after":"module.ec2-bastion-server.aws_instance.default[0].private_ip","after_unknown":false},"private_ipv6_egress_route_ids":{"actions":["create"],"before":null,"after":[],"after_unknown":false},"private_nat_gateway_route_ids":{"actions":["create"],"before":null,"after":["module.vpc_example_complete-vpc.module.vpc.aws_route.private_nat_gateway[0].id"],"after_unknown":false},"private_network_acl_arn":{"actions":["create"],"before":null,"after":"","after_unknown":false},"private_network_acl_id":{"actions":["create"],"before":null,"after":"","after_unknown":false},"private_route_table_association_ids":{"actions":["create"],"before":null,"after":["module.vpc_example_complete-vpc.module.vpc.aws_route_table_association.private[0].id","module.vpc_example_complete-vpc.module.vpc.aws_route_table_association.private[1].id","module.vpc_example_complete-vpc.module.vpc.aws_route_table_association.private[2].id"],"after_unknown":false},"private_route_table_ids":{"actions":["create"],"before":null,"after":["module.vpc_example_complete-vpc.module.vpc.aws_route_table.private[0].id"],"after_unknown":false},"private_subnet_arns":{"actions":["create"],"before":null,"after":["module.vpc_example_complete-vpc.module.vpc.aws_subnet.private[0].arn","module.vpc_example_complete-vpc.module.vpc.aws_subnet.private[1].arn","module.vpc_example_complete-vpc.module.vpc.aws_subnet.private[2].arn"],"after_unknown":false},"private_subnets":{"actions":["create"],"before":null,"after":["module.vpc_example_complete-vpc.module.vpc.aws_subnet.private[0].id","module.vpc_example_complete-vpc.module.vpc.aws_subnet.private[1].id","module.vpc_example_complete-vpc.module.vpc.aws_subnet.private[2].id"],"after_unknown":false},"private_subnets_cidr_blocks":{"actions":["create"],"before":null,"after":["20.10.1.0/24","20.10.2.0/24","20.10.3.0/24"],"after_unknown":false},"private_subnets_ipv6_cidr_blocks":{"actions":["create"],"before":null,"after":[null,null,null],"after_unknown":false},"public_dns":{"actions":["create"],"before":null,"after":"ec2-module-ec2-bastion-server-aws_eip-default[0]-public_ip.compute-1.amazonaws.com","after_unknown":false},"public_internet_gateway_ipv6_route_id":{"actions":["create"],"before":null,"after":"","after_unknown":false},"public_internet_gateway_route_id":{"actions":["create"],"before":null,"after":"module.vpc_example_complete-vpc.module.vpc.aws_route.public_internet_gateway[0].id","after_unknown":false},"public_ip":{"actions":["create"],"before":null,"after":"module.ec2-bastion-server.aws_eip.default[0].public_ip","after_unknown":false},"public_network_acl_arn":{"actions":["create"],"before":null,"after":"","after_unknown":false},"public_network_acl_id":{"actions":["create"],"before":null,"after":"","after_unknown":false},"public_route_table_association_ids":{"actions":["create"],"before":null,"after":["module.vpc_example_complete-vpc.module.vpc.aws_route_table_association.public[0].id","module.vpc_example_complete-vpc.module.vpc.aws_route_table_association.public[1].id","module.vpc_example_complete-vpc.module.vpc.aws_route_table_association.public[2].id"],"after_unknown":false},"public_route_table_ids":{"actions":["create"],"before":null,"after":["module.vpc_example_complete-vpc.module.vpc.aws_route_table.public[0].id"],"after_unknown":false},"public_subnet_arns":{"actions":["create"],"before":null,"after":["module.vpc_example_complete-vpc.module.vpc.aws_subnet.public[0].arn","module.vpc_example_complete-vpc.module.vpc.aws_subnet.public[1].arn","module.vpc_example_complete-vpc.module.vpc.aws_subnet.public[2].arn"],"after_unknown":false},"public_subnets":{"actions":["create"],"before":null,"after":["module.vpc_example_complete-vpc.module.vpc.aws_subnet.public[0].id","module.vpc_example_complete-vpc.module.vpc.aws_subnet.public[1].id","module.vpc_example_complete-vpc.module.vpc.aws_subnet.public[2].id"],"after_unknown":false},"public_subnets_cidr_blocks":{"actions":["create"],"before":null,"after":["20.10.11.0/24","20.10.12.0/24","20.10.13.0/24"],"after_unknown":false},"public_subnets_ipv6_cidr_blocks":{"actions":["create"],"before":null,"after":[null,null,null],"after_unknown":false},"redshift_network_acl_arn":{"actions":["create"],"before":null,"after":"","after_unknown":false},"redshift_network_acl_id":{"actions":["create"],"before":null,"after":"","after_unknown":false},"redshift_public_route_table_association_ids":{"actions":["create"],"before":null,"after":[],"after_unknown":false},"redshift_route_table_association_ids":{"actions":["create"],"before":null,"after":["module.vpc_example_complete-vpc.module.vpc.aws_route_table_association.redshift[0].id","module.vpc_example_complete-vpc.module.vpc.aws_route_table_association.redshift[1].id","module.vpc_example_complete-vpc.module.vpc.aws_route_table_association.redshift[2].id"],"after_unknown":false},"redshift_route_table_ids":{"actions":["create"],"before":null,"after":["module.vpc_example_complete-vpc.module.vpc.aws_route_table.private[0].id"],"after_unknown":false},"redshift_subnet_arns":{"actions":["create"],"before":null,"after":["module.vpc_example_complete-vpc.module.vpc.aws_subnet.redshift[0].arn","module.vpc_example_complete-vpc.module.vpc.aws_subnet.redshift[1].arn","module.vpc_example_complete-vpc.module.vpc.aws_subnet.redshift[2].arn"],"after_unknown":false},"redshift_subnet_group":{"actions":["create"],"before":null,"after":"module.vpc_example_complete-vpc.module.vpc.aws_redshift_subnet_group.redshift[0].id","after_unknown":false},"redshift_subnets":{"actions":["create"],"before":null,"after":["module.vpc_example_complete-vpc.module.vpc.aws_subnet.redshift[0].id","module.vpc_example_complete-vpc.module.vpc.aws_subnet.redshift[1].id","module.vpc_example_complete-vpc.module.vpc.aws_subnet.redshift[2].id"],"after_unknown":false},"redshift_subnets_cidr_blocks":{"actions":["create"],"before":null,"after":["20.10.41.0/24","20.10.42.0/24","20.10.43.0/24"],"after_unknown":false},"redshift_subnets_ipv6_cidr_blocks":{"actions":["create"],"before":null,"after":[null,null,null],"after_unknown":false},"regex_replace_chars":{"actions":["create"],"before":null,"after":"/[^-a-zA-Z0-9]/","after_unknown":false},"role":{"actions":["create"],"before":null,"after":"test-dev-bastion","after_unknown":false},"security_group_arn":{"actions":["create"],"before":null,"after":"module.ec2-bastion-server.module.security_group.aws_security_group.default[0].arn","after_unknown":false},"security_group_id":{"actions":["create"],"before":null,"after":"module.ec2-bastion-server.module.security_group.aws_security_group.default[0].id","after_unknown":false},"security_group_ids":{"actions":["create"],"before":null,"after":["module.ec2-bastion-server.module.security_group.aws_security_group.default[0].id"],"after_unknown":false},"security_group_name":{"actions":["create"],"before":null,"after":"test-dev-bastion","after_unknown":false},"ssh_user":{"actions":["create"],"before":null,"after":"ec2user","after_unknown":false},"stage":{"actions":["create"],"before":null,"after":"","after_unknown":false},"tags":{"actions":["create"],"before":null,"after":{},"after_unknown":false},"tags_as_list_of_maps":{"actions":["create"],"before":null,"after":[{"key":"Name","value":"test-dev-bastion"},{"key":"Namespace","value":"test"},{"key":"Stage","value":"dev"}],"after_unknown":false},"this_customer_gateway":{"actions":["create"],"before":null,"after":{"IP1":{"arn":"module.vpc_example_complete-vpc.module.vpc.aws_customer_gateway.this[IP1].arn","bgp_asn":"65112","device_name":"module.vpc_example_complete-vpc.module.vpc.aws_customer_gateway.this[IP1].device_name","id":"module.vpc_example_complete-vpc.module.vpc.aws_customer_gateway.this[IP1].id","ip_address":"1.2.3.4","tags":{"Environment":"staging","Name":"complete","Owner":"user"},"tags_all":{"Environment":"staging","Name":"complete","Owner":"user"},"type":"ipsec.1"},"IP2":{"arn":"module.vpc_example_complete-vpc.module.vpc.aws_customer_gateway.this[IP2].arn","bgp_asn":"65112","device_name":"module.vpc_example_complete-vpc.module.vpc.aws_customer_gateway.this[IP2].device_name","id":"module.vpc_example_complete-vpc.module.vpc.aws_customer_gateway.this[IP2].id","ip_address":"5.6.7.8","tags":{"Environment":"staging","Name":"complete","Owner":"user"},"tags_all":{"Environment":"staging","Name":"complete","Owner":"user"},"type":"ipsec.1"}},"after_unknown":false},"vgw_arn":{"actions":["create"],"before":null,"after":"module.vpc_example_complete-vpc.module.vpc.aws_vpn_gateway.this[0].arn","after_unknown":false},"vgw_id":{"actions":["create"],"before":null,"after":"module.vpc_example_complete-vpc.module.vpc.aws_vpn_gateway.this[0].id","after_unknown":false},"vpc_arn":{"actions":["create"],"before":null,"after":"module.vpc_example_complete-vpc.module.vpc.aws_vpc.this[0].arn","after_unknown":false},"vpc_cidr_block":{"actions":["create"],"before":null,"after":"20.10.0.0/16","after_unknown":false},"vpc_enable_dns_hostnames":{"actions":["create"],"before":null,"after":true,"after_unknown":false},"vpc_enable_dns_support":{"actions":["create"],"before":null,"after":true,"after_unknown":false},"vpc_endpoint_lambda_dns_entry":{"actions":["create"],"before":null,"after_unknown":true},"vpc_endpoint_lambda_id":{"actions":["create"],"before":null,"after":"module.vpc_example_complete-vpc.module.vpc_endpoints.aws_vpc_endpoint.this[lambda].id","after_unknown":false},"vpc_endpoint_lambda_network_interface_ids":{"actions":["create"],"before":null,"after_unknown":true},"vpc_endpoint_ssm_dns_entry":{"actions":["create"],"before":null,"after_unknown":true},"vpc_endpoint_ssm_id":{"actions":["create"],"before":null,"after":"module.vpc_example_complete-vpc.module.vpc_endpoints.aws_vpc_endpoint.this[ssm].id","after_unknown":false},"vpc_endpoint_ssm_network_interface_ids":{"actions":["create"],"before":null,"after_unknown":true},"vpc_flow_log_cloudwatch_iam_role_arn":{"actions":["create"],"before":null,"after":"module.vpc_example_complete-vpc.module.vpc.aws_iam_role.vpc_flow_log_cloudwatch[0].arn","after_unknown":false},"vpc_flow_log_destination_arn":{"actions":["create"],"before":null,"after":"module.vpc_example_complete-vpc.module.vpc.aws_cloudwatch_log_group.flow_log[0].arn","after_unknown":false},"vpc_flow_log_destination_type":{"actions":["create"],"before":null,"after":"cloud-watch-logs","after_unknown":false},"vpc_flow_log_id":{"actions":["create"],"before":null,"after":"module.vpc_example_complete-vpc.module.vpc.aws_flow_log.this[0].id","after_unknown":false},"vpc_id":{"actions":["create"],"before":null,"after":"module.vpc_example_complete-vpc.module.vpc.aws_vpc.this[0].id","after_unknown":false},"vpc_instance_tenancy":{"actions":["create"],"before":null,"after":"default","after_unknown":false},"vpc_ipv6_association_id":{"actions":["create"],"before":null,"after":"module.vpc_example_complete-vpc.module.vpc.aws_vpc.this[0].ipv6_association_id","after_unknown":false},"vpc_ipv6_cidr_block":{"actions":["create"],"before":null,"after_unknown":true},"vpc_main_route_table_id":{"actions":["create"],"before":null,"after":"module.vpc_example_complete-vpc.module.vpc.aws_vpc.this[0].main_route_table_id","after_unknown":false},"vpc_owner_id":{"actions":["create"],"before":null,"after":"module.vpc_example_complete-vpc.module.vpc.aws_vpc.this[0].owner_id","after_unknown":false},"vpc_secondary_cidr_blocks":{"actions":["create"],"before":null,"after":[],"after_unknown":false}},"prior_state":{"format_version":"0.1","terraform_version":"0.13.4","values":{"root_module":{"child_modules":[{"resources":[{"address":"module.ec2-bastion-server.data.aws_ami.default","mode":"data","type":"aws_ami","name":"default","provider_name":"registry.terraform.io/hashicorp/aws","schema_version":0,"values":{"architecture":"x86_64","arn":"arn:aws:ec2:us-east-1::image/ami-0e362514299d32abe","block_device_mappings":[{"device_name":"/dev/xvda","ebs":{"delete_on_termination":"true","encrypted":"false","iops":"0","snapshot_id":"snap-03e9050b362f59715","throughput":"0","volume_size":"8","volume_type":"standard"},"no_device":"","virtual_name":""}],"creation_date":"2021-06-17T17:35:21.000Z","description":"Amazon Linux 2 AMI 2.0.20210617.0 x86_64 HVM ebs","ena_support":true,"executable_users":null,"filter":[{"name":"name","values":["amzn2-ami-hvm-2.*-x86_64-ebs"]}],"hypervisor":"xen","id":"ami-0e362514299d32abe","image_id":"ami-0e362514299d32abe","image_location":"amazon/amzn2-ami-hvm-2.0.20210617.0-x86_64-ebs","image_owner_alias":"amazon","image_type":"machine","kernel_id":null,"most_recent":true,"name":"amzn2-ami-hvm-2.0.20210617.0-x86_64-ebs","name_regex":null,"owner_id":"137112412989","owners":["amazon"],"platform":null,"platform_details":"Linux/UNIX","product_codes":[],"public":true,"ramdisk_id":null,"root_device_name":"/dev/xvda","root_device_type":"ebs","root_snapshot_id":"snap-03e9050b362f59715","sriov_net_support":"simple","state":"available","state_reason":{"code":"UNSET","message":"UNSET"},"tags":{},"usage_operation":"RunInstances","virtualization_type":"hvm"}},{"address":"module.ec2-bastion-server.data.aws_iam_policy_document.default","mode":"data","type":"aws_iam_policy_document","name":"default","provider_name":"registry.terraform.io/hashicorp/aws","schema_version":0,"values":{"id":"1903849331","json":"{\n  \"Version\": \"2012-10-17\",\n  \"Statement\": [\n    {\n      \"Sid\": \"\",\n      \"Effect\": \"Allow\",\n      \"Action\": \"sts:AssumeRole\",\n      \"Principal\": {\n        \"Service\": \"ec2.amazonaws.com\"\n      }\n    }\n  ]\n}","override_json":null,"override_policy_documents":null,"policy_id":null,"source_json":null,"source_policy_documents":null,"statement":[{"actions":["sts:AssumeRole"],"condition":[],"effect":"Allow","not_actions":[],"not_principals":[],"not_resources":[],"principals":[{"identifiers":["ec2.amazonaws.com"],"type":"Service"}],"resources":[],"sid":""}],"version":"2012-10-17"}},{"address":"module.ec2-bastion-server.data.aws_iam_policy_document.main","mode":"data","type":"aws_iam_policy_document","name":"main","provider_name":"registry.terraform.io/hashicorp/aws","schema_version":0,"values":{"id":"346068207","json":"{\n  \"Version\": \"2012-10-17\",\n  \"Statement\": [\n    {\n      \"Sid\": \"\",\n      \"Effect\": \"Allow\",\n      \"Action\": [\n        \"ssm:UpdateInstanceInformation\",\n        \"ssm:UpdateInstanceAssociationStatus\",\n        \"ssm:UpdateAssociationStatus\",\n        \"ssm:PutInventory\",\n        \"ssm:PutConfigurePackageResult\",\n        \"ssm:PutComplianceItems\",\n        \"ssm:ListInstanceAssociations\",\n        \"ssm:ListAssociations\",\n        \"ssm:GetParameters\",\n        \"ssm:GetParameter\",\n        \"ssm:GetManifest\",\n        \"ssm:GetDocument\",\n        \"ssm:GetDeployablePatchSnapshotForInstance\",\n        \"ssm:DescribeDocument\",\n        \"ssm:DescribeAssociation\"\n      ],\n      \"Resource\": \"*\"\n    },\n    {\n      \"Sid\": \"\",\n      \"Effect\": \"Allow\",\n      \"Action\": [\n        \"ssmmessages:OpenDataChannel\",\n        \"ssmmessages:OpenControlChannel\",\n        \"ssmmessages:CreateDataChannel\",\n        \"ssmmessages:CreateControlChannel\"\n      ],\n      \"Resource\": \"*\"\n    },\n    {\n      \"Sid\": \"\",\n      \"Effect\": \"Allow\",\n      \"Action\": [\n        \"ec2messages:SendReply\",\n        \"ec2messages:GetMessages\",\n        \"ec2messages:GetEndpoint\",\n        \"ec2messages:FailMessage\",\n        \"ec2messages:DeleteMessage\",\n        \"ec2messages:AcknowledgeMessage\"\n      ],\n      \"Resource\": \"*\"\n    },\n    {\n      \"Sid\": \"\",\n      \"Effect\": \"Allow\",\n      \"Action\": \"s3:GetEncryptionConfiguration\",\n      \"Resource\": \"*\"\n    }\n  ]\n}","override_json":null,"override_policy_documents":null,"policy_id":null,"source_json":null,"source_policy_documents":null,"statement":[{"actions":["ssm:DescribeAssociation","ssm:DescribeDocument","ssm:GetDeployablePatchSnapshotForInstance","ssm:GetDocument","ssm:GetManifest","ssm:GetParameter","ssm:GetParameters","ssm:ListAssociations","ssm:ListInstanceAssociations","ssm:PutComplianceItems","ssm:PutConfigurePackageResult","ssm:PutInventory","ssm:UpdateAssociationStatus","ssm:UpdateInstanceAssociationStatus","ssm:UpdateInstanceInformation"],"condition":[],"effect":"Allow","not_actions":[],"not_principals":[],"not_resources":[],"principals":[],"resources":["*"],"sid":""},{"actions":["ssmmessages:CreateControlChannel","ssmmessages:CreateDataChannel","ssmmessages:OpenControlChannel","ssmmessages:OpenDataChannel"],"condition":[],"effect":"Allow","not_actions":[],"not_principals":[],"not_resources":[],"principals":[],"resources":["*"],"sid":""},{"actions":["ec2messages:AcknowledgeMessage","ec2messages:DeleteMessage","ec2messages:FailMessage","ec2messages:GetEndpoint","ec2messages:GetMessages","ec2messages:SendReply"],"condition":[],"effect":"Allow","not_actions":[],"not_principals":[],"not_resources":[],"principals":[],"resources":["*"],"sid":""},{"actions":["s3:GetEncryptionConfiguration"],"condition":[],"effect":"Allow","not_actions":[],"not_principals":[],"not_resources":[],"principals":[],"resources":["*"],"sid":""}],"version":"2012-10-17"}},{"address":"module.ec2-bastion-server.data.aws_region.default","mode":"data","type":"aws_region","name":"default","provider_name":"registry.terraform.io/hashicorp/aws","schema_version":0,"values":{"description":"US East (N. Virginia)","endpoint":"ec2.us-east-1.amazonaws.com","id":"us-east-1","name":"us-east-1"}},{"address":"module.ec2-bastion-server.data.template_file.user_data[0]","mode":"data","type":"template_file","name":"user_data","index":0,"provider_name":"registry.terraform.io/hashicorp/template","schema_version":0,"values":{"filename":null,"id":"559a46a6af5438d0f4dc6e1f673c0fddb5d41b5a8a355a580b3c8d428f16dac4","rendered":"#!/usr/bin/env bash\nexec \u003e \u003e(tee /var/log/user-data.log | logger -t user-data -s 2\u003e/dev/console) 2\u003e\u00261\n\n##\n## Setup SSH Config\n##\ncat \u003c\u003c\"__EOF__\" \u003e /home/ec2user/.ssh/config\nHost *\n    StrictHostKeyChecking no\n__EOF__\nchmod 600 /home/ec2user/.ssh/config\nchown ec2user:ec2user /home/ec2user/.ssh/config\n\n##\n## Enable SSM\n##\nif [  \"true\" = \"true\" ]\nthen\n    systemctl enable amazon-ssm-agent\n    systemctl start amazon-ssm-agent\n    systemctl status amazon-ssm-agent\nelse\n    systemctl disable amazon-ssm-agent\n    systemctl stop amazon-ssm-agent\n    systemctl status amazon-ssm-agent\nfi\n\n","template":"#!/usr/bin/env bash\nexec \u003e \u003e(tee /var/log/user-data.log | logger -t user-data -s 2\u003e/dev/console) 2\u003e\u00261\n\n##\n## Setup SSH Config\n##\ncat \u003c\u003c\"__EOF__\" \u003e /home/${ssh_user}/.ssh/config\nHost *\n    StrictHostKeyChecking no\n__EOF__\nchmod 600 /home/${ssh_user}/.ssh/config\nchown ${ssh_user}:${ssh_user} /home/${ssh_user}/.ssh/config\n\n##\n## Enable SSM\n##\nif [  \"${ssm_enabled}\" = \"true\" ]\nthen\n    systemctl enable amazon-ssm-agent\n    systemctl start amazon-ssm-agent\n    systemctl status amazon-ssm-agent\nelse\n    systemctl disable amazon-ssm-agent\n    systemctl stop amazon-ssm-agent\n    systemctl status amazon-ssm-agent\nfi\n\n${user_data}","vars":{"ssh_user":"ec2user","ssm_enabled":"true","user_data":""}}}],"address":"module.ec2-bastion-server"},{"resources":[{"address":"module.vpc_example_complete-vpc.data.aws_iam_policy_document.dynamodb_endpoint_policy","mode":"data","type":"aws_iam_policy_document","name":"dynamodb_endpoint_policy","provider_name":"registry.terraform.io/hashicorp/aws","schema_version":0,"values":{"id":"3481100892","json":"{\n  \"Version\": \"2012-10-17\",\n  \"Statement\": [\n    {\n      \"Sid\": \"\",\n      \"Effect\": \"Deny\",\n      \"Action\": \"dynamodb:*\",\n      \"Resource\": \"*\",\n      \"Principal\": \"*\",\n      \"Condition\": {\n        \"StringNotEquals\": {\n          \"aws:sourceVpce\": [\n            \"3674500381\"\n          ]\n        }\n      }\n    }\n  ]\n}","override_json":null,"override_policy_documents":null,"policy_id":null,"source_json":null,"source_policy_documents":null,"statement":[{"actions":["dynamodb:*"],"condition":[{"test":"StringNotEquals","values":["3674500381"],"variable":"aws:sourceVpce"}],"effect":"Deny","not_actions":[],"not_principals":[],"not_resources":[],"principals":[{"identifiers":["*"],"type":"*"}],"resources":["*"],"sid":""}],"version":"2012-10-17"}},{"address":"module.vpc_example_complete-vpc.data.aws_iam_policy_document.generic_endpoint_policy","mode":"data","type":"aws_iam_policy_document","name":"generic_endpoint_policy","provider_name":"registry.terraform.io/hashicorp/aws","schema_version":0,"values":{"id":"620515839","json":"{\n  \"Version\": \"2012-10-17\",\n  \"Statement\": [\n    {\n      \"Sid\": \"\",\n      \"Effect\": \"Deny\",\n      \"Action\": \"*\",\n      \"Resource\": \"*\",\n      \"Principal\": \"*\",\n      \"Condition\": {\n        \"StringNotEquals\": {\n          \"aws:sourceVpce\": [\n            \"3674500381\"\n          ]\n        }\n      }\n    }\n  ]\n}","override_json":null,"override_policy_documents":null,"policy_id":null,"source_json":null,"source_policy_documents":null,"statement":[{"actions":["*"],"condition":[{"test":"StringNotEquals","values":["3674500381"],"variable":"aws:sourceVpce"}],"effect":"Deny","not_actions":[],"not_principals":[],"not_resources":[],"principals":[{"identifiers":["*"],"type":"*"}],"resources":["*"],"sid":""}],"version":"2012-10-17"}},{"address":"module.vpc_example_complete-vpc.data.aws_vpc_endpoint_service.dynamodb","mode":"data","type":"aws_vpc_endpoint_service","name":"dynamodb","provider_name":"registry.terraform.io/hashicorp/aws","schema_version":0,"values":{"acceptance_required":false,"arn":"arn:aws:ec2:eu-west-1:115553109071:vpc-endpoint-service/vpce-svc-0b268581f4d7e2a7c","availability_zones":["eu-west-1a","eu-west-1b","eu-west-1c"],"base_endpoint_dns_names":["dynamodb.eu-west-1.amazonaws.com"],"filter":[{"name":"service-type","values":["Gateway"]}],"id":"3674500381","manages_vpc_endpoints":false,"owner":"amazon","private_dns_name":"","service":"dynamodb","service_id":"vpce-svc-0b268581f4d7e2a7c","service_name":"com.amazonaws.eu-west-1.dynamodb","service_type":"Gateway","tags":{},"vpc_endpoint_policy_supported":true}}],"address":"module.vpc_example_complete-vpc","child_modules":[{"resources":[{"address":"module.vpc_example_complete-vpc.module.vpc.data.aws_iam_policy_document.flow_log_cloudwatch_assume_role[0]","mode":"data","type":"aws_iam_policy_document","name":"flow_log_cloudwatch_assume_role","index":0,"provider_name":"registry.terraform.io/hashicorp/aws","schema_version":0,"values":{"id":"3760307347","json":"{\n  \"Version\": \"2012-10-17\",\n  \"Statement\": [\n    {\n      \"Sid\": \"\",\n      \"Effect\": \"Allow\",\n      \"Action\": \"sts:AssumeRole\",\n      \"Principal\": {\n        \"Service\": \"vpc-flow-logs.amazonaws.com\"\n      }\n    }\n  ]\n}","override_json":null,"override_policy_documents":null,"policy_id":null,"source_json":null,"source_policy_documents":null,"statement":[{"actions":["sts:AssumeRole"],"condition":[],"effect":"Allow","not_actions":[],"not_principals":[],"not_resources":[],"principals":[{"identifiers":["vpc-flow-logs.amazonaws.com"],"type":"Service"}],"resources":[],"sid":""}],"version":"2012-10-17"}},{"address":"module.vpc_example_complete-vpc.module.vpc.data.aws_iam_policy_document.vpc_flow_log_cloudwatch[0]","mode":"data","type":"aws_iam_policy_document","name":"vpc_flow_log_cloudwatch","index":0,"provider_name":"registry.terraform.io/hashicorp/aws","schema_version":0,"values":{"id":"2053943846","json":"{\n  \"Version\": \"2012-10-17\",\n  \"Statement\": [\n    {\n      \"Sid\": \"AWSVPCFlowLogsPushToCloudWatch\",\n      \"Effect\": \"Allow\",\n      \"Action\": [\n        \"logs:PutLogEvents\",\n        \"logs:DescribeLogStreams\",\n        \"logs:DescribeLogGroups\",\n        \"logs:CreateLogStream\"\n      ],\n      \"Resource\": \"*\"\n    }\n  ]\n}","override_json":null,"override_policy_documents":null,"policy_id":null,"source_json":null,"source_policy_documents":null,"statement":[{"actions":["logs:CreateLogStream","logs:DescribeLogGroups","logs:DescribeLogStreams","logs:PutLogEvents"],"condition":[],"effect":"Allow","not_actions":[],"not_principals":[],"not_resources":[],"principals":[],"resources":["*"],"sid":"AWSVPCFlowLogsPushToCloudWatch"}],"version":"2012-10-17"}}],"address":"module.vpc_example_complete-vpc.module.vpc"},{"resources":[{"address":"module.vpc_example_complete-vpc.module.vpc_endpoints.data.aws_vpc_endpoint_service.this[\"s3\"]","mode":"data","type":"aws_vpc_endpoint_service","name":"this","index":"s3","provider_name":"registry.terraform.io/hashicorp/aws","schema_version":0,"values":{"acceptance_required":false,"arn":"arn:aws:ec2:eu-west-1:115553109071:vpc-endpoint-service/vpce-svc-0baafdadd7fd9e20e","availability_zones":["eu-west-1a","eu-west-1b","eu-west-1c"],"base_endpoint_dns_names":["s3.eu-west-1.vpce.amazonaws.com"],"filter":[{"name":"service-type","values":["Interface"]}],"id":"3917145344","manages_vpc_endpoints":false,"owner":"amazon","private_dns_name":"","service":"s3","service_id":"vpce-svc-0baafdadd7fd9e20e","service_name":"com.amazonaws.eu-west-1.s3","service_type":"Interface","tags":{},"vpc_endpoint_policy_supported":true}}],"address":"module.vpc_example_complete-vpc.module.vpc_endpoints"}]}]}}},"configuration":{"provider_config":{"aws":{"name":"aws","expressions":{"region":{"constant_value":"us-east-1"}}},"module.vpc_example_complete-vpc:aws":{"name":"aws","module_address":"module.vpc_example_complete-vpc","expressions":{"region":{"constant_value":"eu-west-1"}}}},"root_module":{"module_calls":{"ec2-bastion-server":{"source":"cloudposse/ec2-bastion-server/aws","expressions":{"associate_public_ip_address":{"constant_value":true},"name":{"constant_value":"bastion"},"namespace":{"constant_value":"test"},"ssh_user":{"constant_value":"ec2user"},"stage":{"constant_value":"dev"},"subnets":{"references":["module.vpc_example_complete-vpc.public_subnets"]},"vpc_id":{"references":["module.vpc_example_complete-vpc.vpc_id"]}},"module":{"outputs":{"arn":{"expression":{"references":["aws_instance.default"]},"description":"ARN of the instance"},"hostname":{"expression":{"references":["module.dns.hostname"]},"description":"DNS hostname"},"id":{"expression":{"references":["aws_instance.default"]},"description":"Disambiguated ID of the instance"},"instance_id":{"expression":{"references":["aws_instance.default"]},"description":"Instance ID"},"name":{"expression":{"references":["module.this.id"]},"description":"Instance name"},"private_dns":{"expression":{"references":["aws_instance.default"]},"description":"Private DNS of instance"},"private_ip":{"expression":{"references":["aws_instance.default"]},"description":"Private IP of the instance"},"public_dns":{"expression":{"references":["local.public_dns"]},"description":"Public DNS of instance (or DNS of EIP)"},"public_ip":{"expression":{"references":["aws_eip.default","aws_instance.default"]},"description":"Public IP of the instance (or EIP)"},"role":{"expression":{"references":["aws_iam_role.default"]},"description":"Name of AWS IAM Role associated with the instance"},"security_group_arn":{"expression":{"references":["module.security_group.arn"]},"description":"Bastion host Security Group ARN"},"security_group_id":{"expression":{"references":["module.security_group.id"]},"description":"Bastion host Security Group ID"},"security_group_ids":{"expression":{"references":["module.security_group.id","var.security_groups"]},"description":"IDs on the AWS Security Groups associated with the instance"},"security_group_name":{"expression":{"references":["module.security_group.name"]},"description":"Bastion host Security Group name"},"ssh_user":{"expression":{"references":["var.ssh_user"]},"description":"SSH user"}},"resources":[{"address":"aws_eip.default","mode":"managed","type":"aws_eip","name":"default","provider_config_key":"ec2-bastion-server:aws","expressions":{"instance":{"references":["aws_instance.default"]},"tags":{"references":["module.this.tags"]},"vpc":{"constant_value":true}},"schema_version":0,"count_expression":{"references":["local.eip_enabled"]},"raw_data":{"FileName":".terraform/modules/ec2-bastion-server/main.tf","StartLine":99,"EndLine":104}},{"address":"aws_iam_instance_profile.default","mode":"managed","type":"aws_iam_instance_profile","name":"default","provider_config_key":"ec2-bastion-server:aws","expressions":{"name":{"references":["module.this.id"]},"role":{"references":["aws_iam_role.default[0]"]},"tags":{"references":["module.this.tags"]}},"schema_version":0,"count_expression":{"references":["module.this.enabled","local.instance_profile_count"]},"raw_data":{"FileName":".terraform/modules/ec2-bastion-server/iam.tf","StartLine":1,"EndLine":6}},{"address":"aws_iam_role.default","mode":"managed","type":"aws_iam_role","name":"default","provider_config_key":"ec2-bastion-server:aws","expressions":{"assume_role_policy":{"references":["data.aws_iam_policy_document.default"]},"name":{"references":["module.this.id"]},"path":{"constant_value":"/"},"tags":{"references":["module.this.tags"]}},"schema_version":0,"count_expression":{"references":["module.this.enabled","local.instance_profile_count"]},"raw_data":{"FileName":".terraform/modules/ec2-bastion-server/iam.tf","StartLine":8,"EndLine":15}},{"address":"aws_iam_role_policy.main","mode":"managed","type":"aws_iam_role_policy","name":"main","provider_config_key":"ec2-bastion-server:aws","expressions":{"name":{"references":["module.this.id"]},"policy":{"references":["data.aws_iam_policy_document.main"]},"role":{"references":["aws_iam_role.default[0]"]}},"schema_version":0,"count_expression":{"references":["module.this.enabled","local.instance_profile_count"]},"raw_data":{"FileName":".terraform/modules/ec2-bastion-server/iam.tf","StartLine":17,"EndLine":22}},{"address":"aws_instance.default","mode":"managed","type":"aws_instance","name":"default","provider_config_key":"ec2-bastion-server:aws","expressions":{"ami":{"references":["data.aws_ami.default"]},"associate_public_ip_address":{"references":["var.associate_public_ip_address"]},"disable_api_termination":{"references":["var.disable_api_termination"]},"iam_instance_profile":{"references":["local.instance_profile"]},"instance_type":{"references":["var.instance_type"]},"key_name":{"references":["var.key_name"]},"metadata_options":[{"http_endpoint":{"references":["var.metadata_http_endpoint_enabled"]},"http_put_response_hop_limit":{"references":["var.metadata_http_put_response_hop_limit"]},"http_tokens":{"references":["var.metadata_http_tokens_required"]}}],"monitoring":{"references":["var.monitoring"]},"root_block_device":[{"encrypted":{"references":["var.root_block_device_encrypted"]},"volume_size":{"references":["var.root_block_device_volume_size"]}}],"subnet_id":{"references":["var.subnets"]},"tags":{"references":["module.this.tags"]},"user_data":{"references":["var.user_data_base64","var.user_data_base64","data.template_file.user_data[0]"]},"vpc_security_group_ids":{"references":["module.security_group","var.security_groups"]}},"schema_version":1,"count_expression":{"references":["module.this.enabled"]},"raw_data":{"FileName":".terraform/modules/ec2-bastion-server/main.tf","StartLine":58,"EndLine":97}},{"address":"data.aws_ami.default","mode":"data","type":"aws_ami","name":"default","provider_config_key":"ec2-bastion-server:aws","expressions":{"most_recent":{"constant_value":"true"},"owners":{"references":["var.ami_owners"]}},"schema_version":0,"raw_data":{"FileName":".terraform/modules/ec2-bastion-server/main.tf","StartLine":15,"EndLine":27}},{"address":"data.aws_iam_policy_document.default","mode":"data","type":"aws_iam_policy_document","name":"default","provider_config_key":"ec2-bastion-server:aws","expressions":{"statement":[{"actions":{"constant_value":["sts:AssumeRole"]},"effect":{"constant_value":"Allow"},"principals":[{"identifiers":{"constant_value":["ec2.amazonaws.com"]},"type":{"constant_value":"Service"}}],"sid":{"constant_value":""}}]},"schema_version":0,"raw_data":{"FileName":".terraform/modules/ec2-bastion-server/iam.tf","StartLine":24,"EndLine":39}},{"address":"data.aws_iam_policy_document.main","mode":"data","type":"aws_iam_policy_document","name":"main","provider_config_key":"ec2-bastion-server:aws","expressions":{"statement":[{"actions":{"constant_value":["ssm:DescribeAssociation","ssm:GetDeployablePatchSnapshotForInstance","ssm:GetDocument","ssm:DescribeDocument","ssm:GetManifest","ssm:GetParameter","ssm:GetParameters","ssm:ListAssociations","ssm:ListInstanceAssociations","ssm:PutInventory","ssm:PutComplianceItems","ssm:PutConfigurePackageResult","ssm:UpdateAssociationStatus","ssm:UpdateInstanceAssociationStatus","ssm:UpdateInstanceInformation"]},"effect":{"constant_value":"Allow"},"resources":{"constant_value":["*"]}},{"actions":{"constant_value":["ssmmessages:CreateControlChannel","ssmmessages:CreateDataChannel","ssmmessages:OpenControlChannel","ssmmessages:OpenDataChannel"]},"effect":{"constant_value":"Allow"},"resources":{"constant_value":["*"]}},{"actions":{"constant_value":["ec2messages:AcknowledgeMessage","ec2messages:DeleteMessage","ec2messages:FailMessage","ec2messages:GetEndpoint","ec2messages:GetMessages","ec2messages:SendReply"]},"effect":{"constant_value":"Allow"},"resources":{"constant_value":["*"]}},{"actions":{"constant_value":["s3:GetEncryptionConfiguration"]},"effect":{"constant_value":"Allow"},"resources":{"constant_value":["*"]}}]},"schema_version":0,"raw_data":{"FileName":".terraform/modules/ec2-bastion-server/iam.tf","StartLine":41,"EndLine":103}},{"address":"data.aws_region.default","mode":"data","type":"aws_region","name":"default","provider_config_key":"ec2-bastion-server:aws","schema_version":0,"raw_data":{"FileName":".terraform/modules/ec2-bastion-server/main.tf","StartLine":13,"EndLine":13}},{"address":"data.aws_route53_zone.domain","mode":"data","type":"aws_route53_zone","name":"domain","provider_config_key":"ec2-bastion-server:aws","expressions":{"zone_id":{"references":["var.zone_id"]}},"schema_version":0,"count_expression":{"references":["module.this.enabled","var.zone_id"]},"raw_data":{"FileName":".terraform/modules/ec2-bastion-server/main.tf","StartLine":42,"EndLine":45}},{"address":"data.template_file.user_data","mode":"data","type":"template_file","name":"user_data","provider_config_key":"ec2-bastion-server:template","expressions":{"template":{"references":["path.module","var.user_data_template"]},"vars":{"references":["var.user_data","var.ssm_enabled","var.ssh_user"]}},"schema_version":0,"count_expression":{"references":["module.this.enabled"]},"raw_data":{"FileName":".terraform/modules/ec2-bastion-server/main.tf","StartLine":47,"EndLine":56}}],"module_calls":{"dns":{"source":"cloudposse/route53-cluster-hostname/aws","expressions":{"context":{"references":["module.this.context"]},"dns_name":{"references":["var.host_name"]},"enabled":{"references":["module.this.enabled","var.zone_id"]},"records":{"references":["var.associate_public_ip_address","local.public_dns","aws_instance.default"]},"ttl":{"constant_value":60},"zone_id":{"references":["var.zone_id"]}},"module":{"outputs":{"hostname":{"expression":{"references":["aws_route53_record.default"]},"description":"DNS hostname"}},"resources":[{"address":"aws_route53_record.default","mode":"managed","type":"aws_route53_record","name":"default","provider_config_key":"dns:aws","expressions":{"name":{"references":["var.dns_name","module.this.id","var.dns_name"]},"records":{"references":["var.records"]},"ttl":{"references":["var.ttl"]},"type":{"references":["var.type"]},"zone_id":{"references":["var.zone_id"]}},"schema_version":2,"count_expression":{"references":["module.this.enabled"]},"raw_data":{"FileName":".terraform/modules/ec2-bastion-server.dns/main.tf","StartLine":1,"EndLine":8}}],"module_calls":{"this":{"source":"cloudposse/label/null","expressions":{"additional_tag_map":{"references":["var.additional_tag_map"]},"attributes":{"references":["var.attributes"]},"context":{"references":["var.context"]},"delimiter":{"references":["var.delimiter"]},"enabled":{"references":["var.enabled"]},"environment":{"references":["var.environment"]},"id_length_limit":{"references":["var.id_length_limit"]},"label_key_case":{"references":["var.label_key_case"]},"label_order":{"references":["var.label_order"]},"label_value_case":{"references":["var.label_value_case"]},"name":{"references":["var.name"]},"namespace":{"references":["var.namespace"]},"regex_replace_chars":{"references":["var.regex_replace_chars"]},"stage":{"references":["var.stage"]},"tags":{"references":["var.tags"]}},"module":{"outputs":{"additional_tag_map":{"expression":{"references":["local.additional_tag_map"]},"description":"The merged additional_tag_map"},"attributes":{"expression":{"references":["local.enabled","local.attributes"]},"description":"List of attributes"},"context":{"expression":{"references":["local.input"]},"description":"Merged but otherwise unmodified input to this module, to be used as context input to other modules.\nNote: this version will have null values as defaults, not the values actually used as defaults.\n"},"delimiter":{"expression":{"references":["local.enabled","local.delimiter"]},"description":"Delimiter between `namespace`, `environment`, `stage`, `name` and `attributes`"},"enabled":{"expression":{"references":["local.enabled"]},"description":"True if module is enabled, false otherwise"},"environment":{"expression":{"references":["local.enabled","local.environment"]},"description":"Normalized environment"},"id":{"expression":{"references":["local.enabled","local.id"]},"description":"Disambiguated ID restricted to `id_length_limit` characters in total"},"id_full":{"expression":{"references":["local.enabled","local.id_full"]},"description":"Disambiguated ID not restricted in length"},"id_length_limit":{"expression":{"references":["local.id_length_limit"]},"description":"The id_length_limit actually used to create the ID, with `0` meaning unlimited"},"label_order":{"expression":{"references":["local.label_order"]},"description":"The naming order actually used to create the ID"},"name":{"expression":{"references":["local.enabled","local.name"]},"description":"Normalized name"},"namespace":{"expression":{"references":["local.enabled","local.namespace"]},"description":"Normalized namespace"},"normalized_context":{"expression":{"references":["local.output_context"]},"description":"Normalized context of this module"},"regex_replace_chars":{"expression":{"references":["local.regex_replace_chars"]},"description":"The regex_replace_chars actually used to create the ID"},"stage":{"expression":{"references":["local.enabled","local.stage"]},"description":"Normalized stage"},"tags":{"expression":{"references":["local.enabled","local.tags"]},"description":"Normalized Tag map"},"tags_as_list_of_maps":{"expression":{"references":["local.tags_as_list_of_maps"]},"description":"Additional tags as a list of maps, which can be used in several AWS resources"}},"variables":{"additional_tag_map":{"default":{},"description":"Additional tags for appending to tags_as_list_of_maps. Not added to `tags`."},"attributes":{"default":[],"description":"Additional attributes (e.g. `1`)"},"context":{"default":{"additional_tag_map":{},"attributes":[],"delimiter":null,"enabled":true,"environment":null,"id_length_limit":null,"label_key_case":null,"label_order":[],"label_value_case":null,"name":null,"namespace":null,"regex_replace_chars":null,"stage":null,"tags":{}},"description":"Single object for setting entire context at once.\nSee description of individual variables for details.\nLeave string and numeric variables as `null` to use default value.\nIndividual variable settings (non-null) override settings in context object,\nexcept for attributes, tags, and additional_tag_map, which are merged.\n"},"delimiter":{"default":null,"description":"Delimiter to be used between `namespace`, `environment`, `stage`, `name` and `attributes`.\nDefaults to `-` (hyphen). Set to `\"\"` to use no delimiter at all.\n"},"enabled":{"default":null,"description":"Set to false to prevent the module from creating any resources"},"environment":{"default":null,"description":"Environment, e.g. 'uw2', 'us-west-2', OR 'prod', 'staging', 'dev', 'UAT'"},"id_length_limit":{"default":null,"description":"Limit `id` to this many characters (minimum 6).\nSet to `0` for unlimited length.\nSet to `null` for default, which is `0`.\nDoes not affect `id_full`.\n"},"label_key_case":{"default":null,"description":"The letter case of label keys (`tag` names) (i.e. `name`, `namespace`, `environment`, `stage`, `attributes`) to use in `tags`.\nPossible values: `lower`, `title`, `upper`.\nDefault value: `title`.\n"},"label_order":{"default":null,"description":"The naming order of the id output and Name tag.\nDefaults to [\"namespace\", \"environment\", \"stage\", \"name\", \"attributes\"].\nYou can omit any of the 5 elements, but at least one must be present.\n"},"label_value_case":{"default":null,"description":"The letter case of output label values (also used in `tags` and `id`).\nPossible values: `lower`, `title`, `upper` and `none` (no transformation).\nDefault value: `lower`.\n"},"name":{"default":null,"description":"Solution name, e.g. 'app' or 'jenkins'"},"namespace":{"default":null,"description":"Namespace, which could be your organization name or abbreviation, e.g. 'eg' or 'cp'"},"regex_replace_chars":{"default":null,"description":"Regex to replace chars with empty string in `namespace`, `environment`, `stage` and `name`.\nIf not set, `\"/[^a-zA-Z0-9-]/\"` is used to remove all characters other than hyphens, letters and digits.\n"},"stage":{"default":null,"description":"Stage, e.g. 'prod', 'staging', 'dev', OR 'source', 'build', 'test', 'deploy', 'release'"},"tags":{"default":{},"description":"Additional tags (e.g. `map('BusinessUnit','XYZ')`"}}},"version_constraint":"0.24.1","raw_data":{"FileName":".terraform/modules/ec2-bastion-server.dns/context.tf","StartLine":21,"EndLine":41}}},"variables":{"additional_tag_map":{"default":{},"description":"Additional tags for appending to tags_as_list_of_maps. Not added to `tags`."},"attributes":{"default":[],"description":"Additional attributes (e.g. `1`)"},"context":{"default":{"additional_tag_map":{},"attributes":[],"delimiter":null,"enabled":true,"environment":null,"id_length_limit":null,"label_key_case":null,"label_order":[],"label_value_case":null,"name":null,"namespace":null,"regex_replace_chars":null,"stage":null,"tags":{}},"description":"Single object for setting entire context at once.\nSee description of individual variables for details.\nLeave string and numeric variables as `null` to use default value.\nIndividual variable settings (non-null) override settings in context object,\nexcept for attributes, tags, and additional_tag_map, which are merged.\n"},"delimiter":{"default":null,"description":"Delimiter to be used between `namespace`, `environment`, `stage`, `name` and `attributes`.\nDefaults to `-` (hyphen). Set to `\"\"` to use no delimiter at all.\n"},"dns_name":{"default":"","description":"The name of the DNS record"},"enabled":{"default":null,"description":"Set to false to prevent the module from creating any resources"},"environment":{"default":null,"description":"Environment, e.g. 'uw2', 'us-west-2', OR 'prod', 'staging', 'dev', 'UAT'"},"id_length_limit":{"default":null,"description":"Limit `id` to this many characters (minimum 6).\nSet to `0` for unlimited length.\nSet to `null` for default, which is `0`.\nDoes not affect `id_full`.\n"},"label_key_case":{"default":null,"description":"The letter case of label keys (`tag` names) (i.e. `name`, `namespace`, `environment`, `stage`, `attributes`) to use in `tags`.\nPossible values: `lower`, `title`, `upper`.\nDefault value: `title`.\n"},"label_order":{"default":null,"description":"The naming order of the id output and Name tag.\nDefaults to [\"namespace\", \"environment\", \"stage\", \"name\", \"attributes\"].\nYou can omit any of the 5 elements, but at least one must be present.\n"},"label_value_case":{"default":null,"description":"The letter case of output label values (also used in `tags` and `id`).\nPossible values: `lower`, `title`, `upper` and `none` (no transformation).\nDefault value: `lower`.\n"},"name":{"default":null,"description":"Solution name, e.g. 'app' or 'jenkins'"},"namespace":{"default":null,"description":"Namespace, which could be your organization name or abbreviation, e.g. 'eg' or 'cp'"},"records":{"description":"DNS records to create"},"regex_replace_chars":{"default":null,"description":"Regex to replace chars with empty string in `namespace`, `environment`, `stage` and `name`.\nIf not set, `\"/[^a-zA-Z0-9-]/\"` is used to remove all characters other than hyphens, letters and digits.\n"},"stage":{"default":null,"description":"Stage, e.g. 'prod', 'staging', 'dev', OR 'source', 'build', 'test', 'deploy', 'release'"},"tags":{"default":{},"description":"Additional tags (e.g. `map('BusinessUnit','XYZ')`"},"ttl":{"default":300,"description":"The TTL of the record to add to the DNS zone to complete certificate validation"},"type":{"default":"CNAME","description":"Type of DNS records to create"},"zone_id":{"description":"Route53 DNS Zone ID"}}},"version_constraint":"0.12.0","raw_data":{"FileName":".terraform/modules/ec2-bastion-server/main.tf","StartLine":106,"EndLine":115}},"security_group":{"source":"cloudposse/security-group/aws","expressions":{"context":{"references":["module.this.context"]},"description":{"references":["var.security_group_description"]},"enabled":{"references":["local.security_group_enabled"]},"rules":{"references":["var.security_group_rules"]},"use_name_prefix":{"references":["var.security_group_use_name_prefix"]},"vpc_id":{"references":["var.vpc_id"]}},"module":{"outputs":{"arn":{"expression":{"references":["local.arn"]},"description":"The Security Group ARN"},"id":{"expression":{"references":["local.id"]},"description":"The Security Group ID"},"name":{"expression":{"references":["local.name"]},"description":"The Security Group Name"}},"resources":[{"address":"aws_security_group.default","mode":"managed","type":"aws_security_group","name":"default","provider_config_key":"security_group:aws","expressions":{"description":{"references":["var.description"]},"name":{"references":["local.use_name"]},"name_prefix":{"references":["local.use_name_prefix"]},"tags":{"references":["module.this.tags"]},"vpc_id":{"references":["var.vpc_id"]}},"schema_version":1,"count_expression":{"references":["local.security_group_enabled","local.is_external"]},"raw_data":{"FileName":".terraform/modules/ec2-bastion-server.security_group/main.tf","StartLine":27,"EndLine":39}},{"address":"aws_security_group_rule.default","mode":"managed","type":"aws_security_group_rule","name":"default","provider_config_key":"security_group:aws","expressions":{"cidr_blocks":{"references":["each.value","each.value"]},"description":{"references":["each.value"]},"from_port":{"references":["each.value"]},"ipv6_cidr_blocks":{"references":["each.value","each.value"]},"prefix_list_ids":{"references":["each.value","each.value"]},"protocol":{"references":["each.value"]},"security_group_id":{"references":["local.id"]},"self":{"references":["each.value"]},"source_security_group_id":{"references":["each.value"]},"to_port":{"references":["each.value"]},"type":{"references":["each.value"]}},"schema_version":2,"for_each_expression":{"references":["local.rules"]},"raw_data":{"FileName":".terraform/modules/ec2-bastion-server.security_group/main.tf","StartLine":41,"EndLine":57}},{"address":"data.aws_security_group.external","mode":"data","type":"aws_security_group","name":"external","provider_config_key":"security_group:aws","expressions":{"id":{"references":["var.id"]},"vpc_id":{"references":["var.vpc_id"]}},"schema_version":0,"count_expression":{"references":["local.is_external"]},"raw_data":{"FileName":".terraform/modules/ec2-bastion-server.security_group/main.tf","StartLine":21,"EndLine":25}}],"module_calls":{"this":{"source":"cloudposse/label/null","expressions":{"additional_tag_map":{"references":["var.additional_tag_map"]},"attributes":{"references":["var.attributes"]},"context":{"references":["var.context"]},"delimiter":{"references":["var.delimiter"]},"enabled":{"references":["var.enabled"]},"environment":{"references":["var.environment"]},"id_length_limit":{"references":["var.id_length_limit"]},"label_key_case":{"references":["var.label_key_case"]},"label_order":{"references":["var.label_order"]},"label_value_case":{"references":["var.label_value_case"]},"name":{"references":["var.name"]},"namespace":{"references":["var.namespace"]},"regex_replace_chars":{"references":["var.regex_replace_chars"]},"stage":{"references":["var.stage"]},"tags":{"references":["var.tags"]}},"module":{"outputs":{"additional_tag_map":{"expression":{"references":["local.additional_tag_map"]},"description":"The merged additional_tag_map"},"attributes":{"expression":{"references":["local.enabled","local.attributes"]},"description":"List of attributes"},"context":{"expression":{"references":["local.input"]},"description":"Merged but otherwise unmodified input to this module, to be used as context input to other modules.\nNote: this version will have null values as defaults, not the values actually used as defaults.\n"},"delimiter":{"expression":{"references":["local.enabled","local.delimiter"]},"description":"Delimiter between `namespace`, `environment`, `stage`, `name` and `attributes`"},"enabled":{"expression":{"references":["local.enabled"]},"description":"True if module is enabled, false otherwise"},"environment":{"expression":{"references":["local.enabled","local.environment"]},"description":"Normalized environment"},"id":{"expression":{"references":["local.enabled","local.id"]},"description":"Disambiguated ID restricted to `id_length_limit` characters in total"},"id_full":{"expression":{"references":["local.enabled","local.id_full"]},"description":"Disambiguated ID not restricted in length"},"id_length_limit":{"expression":{"references":["local.id_length_limit"]},"description":"The id_length_limit actually used to create the ID, with `0` meaning unlimited"},"label_order":{"expression":{"references":["local.label_order"]},"description":"The naming order actually used to create the ID"},"name":{"expression":{"references":["local.enabled","local.name"]},"description":"Normalized name"},"namespace":{"expression":{"references":["local.enabled","local.namespace"]},"description":"Normalized namespace"},"normalized_context":{"expression":{"references":["local.output_context"]},"description":"Normalized context of this module"},"regex_replace_chars":{"expression":{"references":["local.regex_replace_chars"]},"description":"The regex_replace_chars actually used to create the ID"},"stage":{"expression":{"references":["local.enabled","local.stage"]},"description":"Normalized stage"},"tags":{"expression":{"references":["local.enabled","local.tags"]},"description":"Normalized Tag map"},"tags_as_list_of_maps":{"expression":{"references":["local.tags_as_list_of_maps"]},"description":"Additional tags as a list of maps, which can be used in several AWS resources"}},"variables":{"additional_tag_map":{"default":{},"description":"Additional tags for appending to tags_as_list_of_maps. Not added to `tags`."},"attributes":{"default":[],"description":"Additional attributes (e.g. `1`)"},"context":{"default":{"additional_tag_map":{},"attributes":[],"delimiter":null,"enabled":true,"environment":null,"id_length_limit":null,"label_key_case":null,"label_order":[],"label_value_case":null,"name":null,"namespace":null,"regex_replace_chars":null,"stage":null,"tags":{}},"description":"Single object for setting entire context at once.\nSee description of individual variables for details.\nLeave string and numeric variables as `null` to use default value.\nIndividual variable settings (non-null) override settings in context object,\nexcept for attributes, tags, and additional_tag_map, which are merged.\n"},"delimiter":{"default":null,"description":"Delimiter to be used between `namespace`, `environment`, `stage`, `name` and `attributes`.\nDefaults to `-` (hyphen). Set to `\"\"` to use no delimiter at all.\n"},"enabled":{"default":null,"description":"Set to false to prevent the module from creating any resources"},"environment":{"default":null,"description":"Environment, e.g. 'uw2', 'us-west-2', OR 'prod', 'staging', 'dev', 'UAT'"},"id_length_limit":{"default":null,"description":"Limit `id` to this many characters (minimum 6).\nSet to `0` for unlimited length.\nSet to `null` for default, which is `0`.\nDoes not affect `id_full`.\n"},"label_key_case":{"default":null,"description":"The letter case of label keys (`tag` names) (i.e. `name`, `namespace`, `environment`, `stage`, `attributes`) to use in `tags`.\nPossible values: `lower`, `title`, `upper`.\nDefault value: `title`.\n"},"label_order":{"default":null,"description":"The naming order of the id output and Name tag.\nDefaults to [\"namespace\", \"environment\", \"stage\", \"name\", \"attributes\"].\nYou can omit any of the 5 elements, but at least one must be present.\n"},"label_value_case":{"default":null,"description":"The letter case of output label values (also used in `tags` and `id`).\nPossible values: `lower`, `title`, `upper` and `none` (no transformation).\nDefault value: `lower`.\n"},"name":{"default":null,"description":"Solution name, e.g. 'app' or 'jenkins'"},"namespace":{"default":null,"description":"Namespace, which could be your organization name or abbreviation, e.g. 'eg' or 'cp'"},"regex_replace_chars":{"default":null,"description":"Regex to replace chars with empty string in `namespace`, `environment`, `stage` and `name`.\nIf not set, `\"/[^a-zA-Z0-9-]/\"` is used to remove all characters other than hyphens, letters and digits.\n"},"stage":{"default":null,"description":"Stage, e.g. 'prod', 'staging', 'dev', OR 'source', 'build', 'test', 'deploy', 'release'"},"tags":{"default":{},"description":"Additional tags (e.g. `map('BusinessUnit','XYZ')`"}}},"version_constraint":"0.24.1","raw_data":{"FileName":".terraform/modules/ec2-bastion-server.security_group/context.tf","StartLine":21,"EndLine":41}}},"variables":{"additional_tag_map":{"default":{},"description":"Additional tags for appending to tags_as_list_of_maps. Not added to `tags`."},"attributes":{"default":[],"description":"Additional attributes (e.g. `1`)"},"context":{"default":{"additional_tag_map":{},"attributes":[],"delimiter":null,"enabled":true,"environment":null,"id_length_limit":null,"label_key_case":null,"label_order":[],"label_value_case":null,"name":null,"namespace":null,"regex_replace_chars":null,"stage":null,"tags":{}},"description":"Single object for setting entire context at once.\nSee description of individual variables for details.\nLeave string and numeric variables as `null` to use default value.\nIndividual variable settings (non-null) override settings in context object,\nexcept for attributes, tags, and additional_tag_map, which are merged.\n"},"delimiter":{"default":null,"description":"Delimiter to be used between `namespace`, `environment`, `stage`, `name` and `attributes`.\nDefaults to `-` (hyphen). Set to `\"\"` to use no delimiter at all.\n"},"description":{"default":"Managed by Terraform","description":"The Security Group description."},"enabled":{"default":null,"description":"Set to false to prevent the module from creating any resources"},"environment":{"default":null,"description":"Environment, e.g. 'uw2', 'us-west-2', OR 'prod', 'staging', 'dev', 'UAT'"},"id":{"default":"","description":"The external Security Group ID to which Security Group rules will be assigned.\nRequired to set `security_group_enabled` to `false`.\n"},"id_length_limit":{"default":null,"description":"Limit `id` to this many characters (minimum 6).\nSet to `0` for unlimited length.\nSet to `null` for default, which is `0`.\nDoes not affect `id_full`.\n"},"label_key_case":{"default":null,"description":"The letter case of label keys (`tag` names) (i.e. `name`, `namespace`, `environment`, `stage`, `attributes`) to use in `tags`.\nPossible values: `lower`, `title`, `upper`.\nDefault value: `title`.\n"},"label_order":{"default":null,"description":"The naming order of the id output and Name tag.\nDefaults to [\"namespace\", \"environment\", \"stage\", \"name\", \"attributes\"].\nYou can omit any of the 5 elements, but at least one must be present.\n"},"label_value_case":{"default":null,"description":"The letter case of output label values (also used in `tags` and `id`).\nPossible values: `lower`, `title`, `upper` and `none` (no transformation).\nDefault value: `lower`.\n"},"name":{"default":null,"description":"Solution name, e.g. 'app' or 'jenkins'"},"namespace":{"default":null,"description":"Namespace, which could be your organization name or abbreviation, e.g. 'eg' or 'cp'"},"regex_replace_chars":{"default":null,"description":"Regex to replace chars with empty string in `namespace`, `environment`, `stage` and `name`.\nIf not set, `\"/[^a-zA-Z0-9-]/\"` is used to remove all characters other than hyphens, letters and digits.\n"},"rules":{"default":null,"description":"A list of maps of Security Group rules. \nThe values of map is fully complated with `aws_security_group_rule` resource. \nTo get more info see https://registry.terraform.io/providers/hashicorp/aws/latest/docs/resources/security_group_rule .\n"},"security_group_enabled":{"default":true,"description":"Whether to create Security Group."},"stage":{"default":null,"description":"Stage, e.g. 'prod', 'staging', 'dev', OR 'source', 'build', 'test', 'deploy', 'release'"},"tags":{"default":{},"description":"Additional tags (e.g. `map('BusinessUnit','XYZ')`"},"use_name_prefix":{"default":false,"description":"Whether to create a unique name beginning with the normalized prefix."},"vpc_id":{"description":"The VPC ID where Security Group will be created."}}},"version_constraint":"0.3.1","raw_data":{"FileName":".terraform/modules/ec2-bastion-server/main.tf","StartLine":29,"EndLine":40}},"this":{"source":"cloudposse/label/null","expressions":{"additional_tag_map":{"references":["var.additional_tag_map"]},"attributes":{"references":["var.attributes"]},"context":{"references":["var.context"]},"delimiter":{"references":["var.delimiter"]},"enabled":{"references":["var.enabled"]},"environment":{"references":["var.environment"]},"id_length_limit":{"references":["var.id_length_limit"]},"label_key_case":{"references":["var.label_key_case"]},"label_order":{"references":["var.label_order"]},"label_value_case":{"references":["var.label_value_case"]},"name":{"references":["var.name"]},"namespace":{"references":["var.namespace"]},"regex_replace_chars":{"references":["var.regex_replace_chars"]},"stage":{"references":["var.stage"]},"tags":{"references":["var.tags"]}},"module":{"outputs":{"additional_tag_map":{"expression":{"references":["local.additional_tag_map"]},"description":"The merged additional_tag_map"},"attributes":{"expression":{"references":["local.enabled","local.attributes"]},"description":"List of attributes"},"context":{"expression":{"references":["local.input"]},"description":"Merged but otherwise unmodified input to this module, to be used as context input to other modules.\nNote: this version will have null values as defaults, not the values actually used as defaults.\n"},"delimiter":{"expression":{"references":["local.enabled","local.delimiter"]},"description":"Delimiter between `namespace`, `environment`, `stage`, `name` and `attributes`"},"enabled":{"expression":{"references":["local.enabled"]},"description":"True if module is enabled, false otherwise"},"environment":{"expression":{"references":["local.enabled","local.environment"]},"description":"Normalized environment"},"id":{"expression":{"references":["local.enabled","local.id"]},"description":"Disambiguated ID restricted to `id_length_limit` characters in total"},"id_full":{"expression":{"references":["local.enabled","local.id_full"]},"description":"Disambiguated ID not restricted in length"},"id_length_limit":{"expression":{"references":["local.id_length_limit"]},"description":"The id_length_limit actually used to create the ID, with `0` meaning unlimited"},"label_order":{"expression":{"references":["local.label_order"]},"description":"The naming order actually used to create the ID"},"name":{"expression":{"references":["local.enabled","local.name"]},"description":"Normalized name"},"namespace":{"expression":{"references":["local.enabled","local.namespace"]},"description":"Normalized namespace"},"normalized_context":{"expression":{"references":["local.output_context"]},"description":"Normalized context of this module"},"regex_replace_chars":{"expression":{"references":["local.regex_replace_chars"]},"description":"The regex_replace_chars actually used to create the ID"},"stage":{"expression":{"references":["local.enabled","local.stage"]},"description":"Normalized stage"},"tags":{"expression":{"references":["local.enabled","local.tags"]},"description":"Normalized Tag map"},"tags_as_list_of_maps":{"expression":{"references":["local.tags_as_list_of_maps"]},"description":"Additional tags as a list of maps, which can be used in several AWS resources"}},"variables":{"additional_tag_map":{"default":{},"description":"Additional tags for appending to tags_as_list_of_maps. Not added to `tags`."},"attributes":{"default":[],"description":"Additional attributes (e.g. `1`)"},"context":{"default":{"additional_tag_map":{},"attributes":[],"delimiter":null,"enabled":true,"environment":null,"id_length_limit":null,"label_key_case":null,"label_order":[],"label_value_case":null,"name":null,"namespace":null,"regex_replace_chars":null,"stage":null,"tags":{}},"description":"Single object for setting entire context at once.\nSee description of individual variables for details.\nLeave string and numeric variables as `null` to use default value.\nIndividual variable settings (non-null) override settings in context object,\nexcept for attributes, tags, and additional_tag_map, which are merged.\n"},"delimiter":{"default":null,"description":"Delimiter to be used between `namespace`, `environment`, `stage`, `name` and `attributes`.\nDefaults to `-` (hyphen). Set to `\"\"` to use no delimiter at all.\n"},"enabled":{"default":null,"description":"Set to false to prevent the module from creating any resources"},"environment":{"default":null,"description":"Environment, e.g. 'uw2', 'us-west-2', OR 'prod', 'staging', 'dev', 'UAT'"},"id_length_limit":{"default":null,"description":"Limit `id` to this many characters (minimum 6).\nSet to `0` for unlimited length.\nSet to `null` for default, which is `0`.\nDoes not affect `id_full`.\n"},"label_key_case":{"default":null,"description":"The letter case of label keys (`tag` names) (i.e. `name`, `namespace`, `environment`, `stage`, `attributes`) to use in `tags`.\nPossible values: `lower`, `title`, `upper`.\nDefault value: `title`.\n"},"label_order":{"default":null,"description":"The naming order of the id output and Name tag.\nDefaults to [\"namespace\", \"environment\", \"stage\", \"name\", \"attributes\"].\nYou can omit any of the 5 elements, but at least one must be present.\n"},"label_value_case":{"default":null,"description":"The letter case of output label values (also used in `tags` and `id`).\nPossible values: `lower`, `title`, `upper` and `none` (no transformation).\nDefault value: `lower`.\n"},"name":{"default":null,"description":"Solution name, e.g. 'app' or 'jenkins'"},"namespace":{"default":null,"description":"Namespace, which could be your organization name or abbreviation, e.g. 'eg' or 'cp'"},"regex_replace_chars":{"default":null,"description":"Regex to replace chars with empty string in `namespace`, `environment`, `stage` and `name`.\nIf not set, `\"/[^a-zA-Z0-9-]/\"` is used to remove all characters other than hyphens, letters and digits.\n"},"stage":{"default":null,"description":"Stage, e.g. 'prod', 'staging', 'dev', OR 'source', 'build', 'test', 'deploy', 'release'"},"tags":{"default":{},"description":"Additional tags (e.g. `map('BusinessUnit','XYZ')`"}}},"version_constraint":"0.24.1","raw_data":{"FileName":".terraform/modules/ec2-bastion-server/context.tf","StartLine":21,"EndLine":41}}},"variables":{"additional_tag_map":{"default":{},"description":"Additional tags for appending to tags_as_list_of_maps. Not added to `tags`."},"ami_filter":{"default":{"name":["amzn2-ami-hvm-2.*-x86_64-ebs"]},"description":"List of maps used to create the AMI filter for the action runner AMI."},"ami_owners":{"default":["amazon"],"description":"The list of owners used to select the AMI of action runner instances."},"assign_eip_address":{"default":true,"description":"Assign an Elastic IP address to the instance"},"associate_public_ip_address":{"default":false,"description":"Whether to associate a public IP to the instance."},"attributes":{"default":[],"description":"Additional attributes (e.g. `1`)"},"context":{"default":{"additional_tag_map":{},"attributes":[],"delimiter":null,"enabled":true,"environment":null,"id_length_limit":null,"label_key_case":null,"label_order":[],"label_value_case":null,"name":null,"namespace":null,"regex_replace_chars":null,"stage":null,"tags":{}},"description":"Single object for setting entire context at once.\nSee description of individual variables for details.\nLeave string and numeric variables as `null` to use default value.\nIndividual variable settings (non-null) override settings in context object,\nexcept for attributes, tags, and additional_tag_map, which are merged.\n"},"delimiter":{"default":null,"description":"Delimiter to be used between `namespace`, `environment`, `stage`, `name` and `attributes`.\nDefaults to `-` (hyphen). Set to `\"\"` to use no delimiter at all.\n"},"disable_api_termination":{"default":false,"description":"Enable EC2 Instance Termination Protection"},"ebs_block_device_encrypted":{"default":true,"description":"Whether to encrypt the EBS block device"},"ebs_block_device_volume_size":{"default":0,"description":"The volume size (in GiB) to provision for the EBS block device. Creation skipped if size is 0"},"ebs_delete_on_termination":{"default":true,"description":"Whether the EBS volume should be destroyed on instance termination"},"ebs_device_name":{"default":"/dev/sdh","description":"The name of the EBS block device to mount on the instance"},"enabled":{"default":null,"description":"Set to false to prevent the module from creating any resources"},"environment":{"default":null,"description":"Environment, e.g. 'uw2', 'us-west-2', OR 'prod', 'staging', 'dev', 'UAT'"},"host_name":{"default":"bastion","description":"The Bastion hostname created in Route53"},"id_length_limit":{"default":null,"description":"Limit `id` to this many characters (minimum 6).\nSet to `0` for unlimited length.\nSet to `null` for default, which is `0`.\nDoes not affect `id_full`.\n"},"instance_profile":{"default":"","description":"A pre-defined profile to attach to the instance (default is to build our own)"},"instance_type":{"default":"t2.micro","description":"Bastion instance type"},"key_name":{"default":"","description":"Key name"},"label_key_case":{"default":null,"description":"The letter case of label keys (`tag` names) (i.e. `name`, `namespace`, `environment`, `stage`, `attributes`) to use in `tags`.\nPossible values: `lower`, `title`, `upper`.\nDefault value: `title`.\n"},"label_order":{"default":null,"description":"The naming order of the id output and Name tag.\nDefaults to [\"namespace\", \"environment\", \"stage\", \"name\", \"attributes\"].\nYou can omit any of the 5 elements, but at least one must be present.\n"},"label_value_case":{"default":null,"description":"The letter case of output label values (also used in `tags` and `id`).\nPossible values: `lower`, `title`, `upper` and `none` (no transformation).\nDefault value: `lower`.\n"},"metadata_http_endpoint_enabled":{"default":true,"description":"Whether the metadata service is available"},"metadata_http_put_response_hop_limit":{"default":1,"description":"The desired HTTP PUT response hop limit (between 1 and 64) for instance metadata requests."},"metadata_http_tokens_required":{"default":true,"description":"Whether or not the metadata service requires session tokens, also referred to as Instance Metadata Service Version 2."},"monitoring":{"default":true,"description":"Launched EC2 instance will have detailed monitoring enabled"},"name":{"default":null,"description":"Solution name, e.g. 'app' or 'jenkins'"},"namespace":{"default":null,"description":"Namespace, which could be your organization name or abbreviation, e.g. 'eg' or 'cp'"},"regex_replace_chars":{"default":null,"description":"Regex to replace chars with empty string in `namespace`, `environment`, `stage` and `name`.\nIf not set, `\"/[^a-zA-Z0-9-]/\"` is used to remove all characters other than hyphens, letters and digits.\n"},"root_block_device_encrypted":{"default":true,"description":"Whether to encrypt the root block device"},"root_block_device_volume_size":{"default":8,"description":"The volume size (in GiB) to provision for the root block device. It cannot be smaller than the AMI it refers to."},"security_group_description":{"default":"Bastion host security group","description":"The Security Group description."},"security_group_enabled":{"default":true,"description":"Whether to create default Security Group for bastion host."},"security_group_rules":{"default":[{"cidr_blocks":["0.0.0.0/0"],"description":"Allow all outbound traffic","from_port":0,"protocol":"-1","to_port":0,"type":"egress"},{"cidr_blocks":["0.0.0.0/0"],"description":"Allow all inbound to SSH","from_port":22,"protocol":"tcp","to_port":22,"type":"ingress"}],"description":"A list of maps of Security Group rules. \nThe values of map is fully complated with `aws_security_group_rule` resource. \nTo get more info see https://registry.terraform.io/providers/hashicorp/aws/latest/docs/resources/security_group_rule .\n"},"security_group_use_name_prefix":{"default":false,"description":"Whether to create a default Security Group with unique name beginning with the normalized prefix."},"security_groups":{"default":[],"description":"A list of Security Group IDs to associate with bastion host."},"ssh_user":{"default":"ec2-user","description":"Default SSH user for this AMI. e.g. `ec2-user` for Amazon Linux and `ubuntu` for Ubuntu systems"},"ssm_enabled":{"default":true,"description":"Enable SSM Agent on Host."},"stage":{"default":null,"description":"Stage, e.g. 'prod', 'staging', 'dev', OR 'source', 'build', 'test', 'deploy', 'release'"},"subnets":{"description":"AWS subnet IDs"},"tags":{"default":{},"description":"Additional tags (e.g. `map('BusinessUnit','XYZ')`"},"user_data":{"default":[],"description":"User data content. Will be ignored if `user_data_base64` is set"},"user_data_base64":{"default":"","description":"The Base64-encoded user data to provide when launching the instances. If this is set then `user_data` will not be used."},"user_data_template":{"default":"user_data/amazon-linux.sh","description":"User Data template to use for provisioning EC2 Bastion Host"},"vpc_id":{"description":"VPC ID"},"zone_id":{"default":"","description":"Route53 DNS Zone ID"}}},"raw_data":{"FileName":"main.tf","StartLine":15,"EndLine":25}},"vpc_example_complete-vpc":{"source":"terraform-aws-modules/vpc/aws//examples/complete-vpc","module":{"outputs":{"cgw_ids":{"expression":{"references":["module.vpc.cgw_ids"]},"description":"List of IDs of Customer Gateway"},"database_subnets":{"expression":{"references":["module.vpc.database_subnets"]},"description":"List of IDs of database subnets"},"elasticache_subnets":{"expression":{"references":["module.vpc.elasticache_subnets"]},"description":"List of IDs of elasticache subnets"},"intra_subnets":{"expression":{"references":["module.vpc.intra_subnets"]},"description":"List of IDs of intra subnets"},"nat_public_ips":{"expression":{"references":["module.vpc.nat_public_ips"]},"description":"List of public Elastic IPs created for AWS NAT Gateway"},"private_subnets":{"expression":{"references":["module.vpc.private_subnets"]},"description":"List of IDs of private subnets"},"public_subnets":{"expression":{"references":["module.vpc.public_subnets"]},"description":"List of IDs of public subnets"},"redshift_subnets":{"expression":{"references":["module.vpc.redshift_subnets"]},"description":"List of IDs of redshift subnets"},"this_customer_gateway":{"expression":{"references":["module.vpc.this_customer_gateway"]},"description":"Map of Customer Gateway attributes"},"vpc_endpoint_lambda_dns_entry":{"expression":{"references":["module.vpc_endpoints.endpoints"]},"description":"The DNS entries for the VPC Endpoint for Lambda."},"vpc_endpoint_lambda_id":{"expression":{"references":["module.vpc_endpoints.endpoints"]},"description":"The ID of VPC endpoint for Lambda"},"vpc_endpoint_lambda_network_interface_ids":{"expression":{"references":["module.vpc_endpoints.endpoints"]},"description":"One or more network interfaces for the VPC Endpoint for Lambda."},"vpc_endpoint_ssm_dns_entry":{"expression":{"references":["module.vpc_endpoints.endpoints"]},"description":"The DNS entries for the VPC Endpoint for SSM."},"vpc_endpoint_ssm_id":{"expression":{"references":["module.vpc_endpoints.endpoints"]},"description":"The ID of VPC endpoint for SSM"},"vpc_endpoint_ssm_network_interface_ids":{"expression":{"references":["module.vpc_endpoints.endpoints"]},"description":"One or more network interfaces for the VPC Endpoint for SSM."},"vpc_id":{"expression":{"references":["module.vpc.vpc_id"]},"description":"The ID of the VPC"}},"resources":[{"address":"data.aws_iam_policy_document.dynamodb_endpoint_policy","mode":"data","type":"aws_iam_policy_document","name":"dynamodb_endpoint_policy","provider_config_key":"vpc_example_complete-vpc:aws","expressions":{"statement":[{"actions":{"constant_value":["dynamodb:*"]},"condition":[{"test":{"constant_value":"StringNotEquals"},"values":{"references":["data.aws_vpc_endpoint_service.dynamodb"]},"variable":{"constant_value":"aws:sourceVpce"}}],"effect":{"constant_value":"Deny"},"principals":[{"identifiers":{"constant_value":["*"]},"type":{"constant_value":"*"}}],"resources":{"constant_value":["*"]}}]},"schema_version":0,"raw_data":{"FileName":".terraform/modules/vpc_example_complete-vpc/examples/complete-vpc/main.tf","StartLine":195,"EndLine":213}},{"address":"data.aws_iam_policy_document.generic_endpoint_policy","mode":"data","type":"aws_iam_policy_document","name":"generic_endpoint_policy","provider_config_key":"vpc_example_complete-vpc:aws","expressions":{"statement":[{"actions":{"constant_value":["*"]},"condition":[{"test":{"constant_value":"StringNotEquals"},"values":{"references":["data.aws_vpc_endpoint_service.dynamodb"]},"variable":{"constant_value":"aws:sourceVpce"}}],"effect":{"constant_value":"Deny"},"principals":[{"identifiers":{"constant_value":["*"]},"type":{"constant_value":"*"}}],"resources":{"constant_value":["*"]}}]},"schema_version":0,"raw_data":{"FileName":".terraform/modules/vpc_example_complete-vpc/examples/complete-vpc/main.tf","StartLine":215,"EndLine":233}},{"address":"data.aws_security_group.default","mode":"data","type":"aws_security_group","name":"default","provider_config_key":"vpc_example_complete-vpc:aws","expressions":{"name":{"constant_value":"default"},"vpc_id":{"references":["module.vpc.vpc_id"]}},"schema_version":0,"raw_data":{"FileName":".terraform/modules/vpc_example_complete-vpc/examples/complete-vpc/main.tf","StartLine":180,"EndLine":183}},{"address":"data.aws_vpc_endpoint_service.dynamodb","mode":"data","type":"aws_vpc_endpoint_service","name":"dynamodb","provider_config_key":"vpc_example_complete-vpc:aws","expressions":{"filter":[{"name":{"constant_value":"service-type"},"values":{"constant_value":["Gateway"]}}],"service":{"constant_value":"dynamodb"}},"schema_version":0,"raw_data":{"FileName":".terraform/modules/vpc_example_complete-vpc/examples/complete-vpc/main.tf","StartLine":186,"EndLine":193}}],"module_calls":{"vpc":{"source":"../../","expressions":{"azs":{"references":["local.region","local.region","local.region"]},"cidr":{"constant_value":"20.10.0.0/16"},"create_database_subnet_group":{"constant_value":false},"create_flow_log_cloudwatch_iam_role":{"constant_value":true},"create_flow_log_cloudwatch_log_group":{"constant_value":true},"customer_gateways":{"constant_value":{"IP1":{"bgp_asn":65112,"ip_address":"1.2.3.4"},"IP2":{"bgp_asn":65112,"ip_address":"5.6.7.8"}}},"database_subnets":{"constant_value":["20.10.21.0/24","20.10.22.0/24","20.10.23.0/24"]},"default_route_table_tags":{"constant_value":{"DefaultRouteTable":true}},"default_security_group_egress":{"constant_value":[]},"default_security_group_ingress":{"constant_value":[]},"dhcp_options_domain_name":{"constant_value":"service.consul"},"dhcp_options_domain_name_servers":{"constant_value":["127.0.0.1","10.10.0.2"]},"elasticache_subnets":{"constant_value":["20.10.31.0/24","20.10.32.0/24","20.10.33.0/24"]},"enable_classiclink":{"constant_value":true},"enable_classiclink_dns_support":{"constant_value":true},"enable_dhcp_options":{"constant_value":true},"enable_dns_hostnames":{"constant_value":true},"enable_dns_support":{"constant_value":true},"enable_flow_log":{"constant_value":true},"enable_nat_gateway":{"constant_value":true},"enable_vpn_gateway":{"constant_value":true},"flow_log_max_aggregation_interval":{"constant_value":60},"intra_subnets":{"constant_value":["20.10.51.0/24","20.10.52.0/24","20.10.53.0/24"]},"manage_default_route_table":{"constant_value":true},"manage_default_security_group":{"constant_value":true},"name":{"references":["local.name"]},"private_subnets":{"constant_value":["20.10.1.0/24","20.10.2.0/24","20.10.3.0/24"]},"public_subnets":{"constant_value":["20.10.11.0/24","20.10.12.0/24","20.10.13.0/24"]},"redshift_subnets":{"constant_value":["20.10.41.0/24","20.10.42.0/24","20.10.43.0/24"]},"single_nat_gateway":{"constant_value":true},"tags":{"references":["local.tags"]}},"module":{"outputs":{"azs":{"expression":{"references":["var.azs"]},"description":"A list of availability zones specified as argument to this module"},"cgw_arns":{"expression":{"references":["aws_customer_gateway.this"]},"description":"List of ARNs of Customer Gateway"},"cgw_ids":{"expression":{"references":["aws_customer_gateway.this"]},"description":"List of IDs of Customer Gateway"},"database_internet_gateway_route_id":{"expression":{"references":["aws_route.database_internet_gateway"]},"description":"ID of the database internet gateway route."},"database_ipv6_egress_route_id":{"expression":{"references":["aws_route.database_ipv6_egress"]},"description":"ID of the database IPv6 egress route."},"database_nat_gateway_route_ids":{"expression":{"references":["aws_route.database_nat_gateway"]},"description":"List of IDs of the database nat gateway route."},"database_network_acl_arn":{"expression":{"references":["aws_network_acl.database"]},"description":"ARN of the database network ACL"},"database_network_acl_id":{"expression":{"references":["aws_network_acl.database"]},"description":"ID of the database network ACL"},"database_route_table_association_ids":{"expression":{"references":["aws_route_table_association.database"]},"description":"List of IDs of the database route table association"},"database_route_table_ids":{"expression":{"references":["aws_route_table.database","aws_route_table.database","aws_route_table.private"]},"description":"List of IDs of database route tables"},"database_subnet_arns":{"expression":{"references":["aws_subnet.database"]},"description":"List of ARNs of database subnets"},"database_subnet_group":{"expression":{"references":["aws_db_subnet_group.database"]},"description":"ID of database subnet group"},"database_subnet_group_name":{"expression":{"references":["aws_db_subnet_group.database"]},"description":"Name of database subnet group"},"database_subnets":{"expression":{"references":["aws_subnet.database"]},"description":"List of IDs of database subnets"},"database_subnets_cidr_blocks":{"expression":{"references":["aws_subnet.database"]},"description":"List of cidr_blocks of database subnets"},"database_subnets_ipv6_cidr_blocks":{"expression":{"references":["aws_subnet.database"]},"description":"List of IPv6 cidr_blocks of database subnets in an IPv6 enabled VPC"},"default_network_acl_id":{"expression":{"references":["aws_vpc.this"]},"description":"The ID of the default network ACL"},"default_route_table_id":{"expression":{"references":["aws_vpc.this"]},"description":"The ID of the default route table"},"default_security_group_id":{"expression":{"references":["aws_vpc.this"]},"description":"The ID of the security group created by default on VPC creation"},"default_vpc_arn":{"expression":{"references":["aws_default_vpc.this"]},"description":"The ARN of the Default VPC"},"default_vpc_cidr_block":{"expression":{"references":["aws_default_vpc.this"]},"description":"The CIDR block of the Default VPC"},"default_vpc_default_network_acl_id":{"expression":{"references":["aws_default_vpc.this"]},"description":"The ID of the default network ACL of the Default VPC"},"default_vpc_default_route_table_id":{"expression":{"references":["aws_default_vpc.this"]},"description":"The ID of the default route table of the Default VPC"},"default_vpc_default_security_group_id":{"expression":{"references":["aws_default_vpc.this"]},"description":"The ID of the security group created by default on Default VPC creation"},"default_vpc_enable_dns_hostnames":{"expression":{"references":["aws_default_vpc.this"]},"description":"Whether or not the Default VPC has DNS hostname support"},"default_vpc_enable_dns_support":{"expression":{"references":["aws_default_vpc.this"]},"description":"Whether or not the Default VPC has DNS support"},"default_vpc_id":{"expression":{"references":["aws_default_vpc.this"]},"description":"The ID of the Default VPC"},"default_vpc_instance_tenancy":{"expression":{"references":["aws_default_vpc.this"]},"description":"Tenancy of instances spin up within Default VPC"},"default_vpc_main_route_table_id":{"expression":{"references":["aws_default_vpc.this"]},"description":"The ID of the main route table associated with the Default VPC"},"egress_only_internet_gateway_id":{"expression":{"references":["aws_egress_only_internet_gateway.this"]},"description":"The ID of the egress only Internet Gateway"},"elasticache_network_acl_arn":{"expression":{"references":["aws_network_acl.elasticache"]},"description":"ARN of the elasticache network ACL"},"elasticache_network_acl_id":{"expression":{"references":["aws_network_acl.elasticache"]},"description":"ID of the elasticache network ACL"},"elasticache_route_table_association_ids":{"expression":{"references":["aws_route_table_association.elasticache"]},"description":"List of IDs of the elasticache route table association"},"elasticache_route_table_ids":{"expression":{"references":["aws_route_table.elasticache","aws_route_table.elasticache","aws_route_table.private"]},"description":"List of IDs of elasticache route tables"},"elasticache_subnet_arns":{"expression":{"references":["aws_subnet.elasticache"]},"description":"List of ARNs of elasticache subnets"},"elasticache_subnet_group":{"expression":{"references":["aws_elasticache_subnet_group.elasticache"]},"description":"ID of elasticache subnet group"},"elasticache_subnet_group_name":{"expression":{"references":["aws_elasticache_subnet_group.elasticache"]},"description":"Name of elasticache subnet group"},"elasticache_subnets":{"expression":{"references":["aws_subnet.elasticache"]},"description":"List of IDs of elasticache subnets"},"elasticache_subnets_cidr_blocks":{"expression":{"references":["aws_subnet.elasticache"]},"description":"List of cidr_blocks of elasticache subnets"},"elasticache_subnets_ipv6_cidr_blocks":{"expression":{"references":["aws_subnet.elasticache"]},"description":"List of IPv6 cidr_blocks of elasticache subnets in an IPv6 enabled VPC"},"igw_arn":{"expression":{"references":["aws_internet_gateway.this"]},"description":"The ARN of the Internet Gateway"},"igw_id":{"expression":{"references":["aws_internet_gateway.this"]},"description":"The ID of the Internet Gateway"},"intra_network_acl_arn":{"expression":{"references":["aws_network_acl.intra"]},"description":"ARN of the intra network ACL"},"intra_network_acl_id":{"expression":{"references":["aws_network_acl.intra"]},"description":"ID of the intra network ACL"},"intra_route_table_association_ids":{"expression":{"references":["aws_route_table_association.intra"]},"description":"List of IDs of the intra route table association"},"intra_route_table_ids":{"expression":{"references":["aws_route_table.intra"]},"description":"List of IDs of intra route tables"},"intra_subnet_arns":{"expression":{"references":["aws_subnet.intra"]},"description":"List of ARNs of intra subnets"},"intra_subnets":{"expression":{"references":["aws_subnet.intra"]},"description":"List of IDs of intra subnets"},"intra_subnets_cidr_blocks":{"expression":{"references":["aws_subnet.intra"]},"description":"List of cidr_blocks of intra subnets"},"intra_subnets_ipv6_cidr_blocks":{"expression":{"references":["aws_subnet.intra"]},"description":"List of IPv6 cidr_blocks of intra subnets in an IPv6 enabled VPC"},"name":{"expression":{"references":["var.name"]},"description":"The name of the VPC specified as argument to this module"},"nat_ids":{"expression":{"references":["aws_eip.nat"]},"description":"List of allocation ID of Elastic IPs created for AWS NAT Gateway"},"nat_public_ips":{"expression":{"references":["var.reuse_nat_ips","var.external_nat_ips","aws_eip.nat"]},"description":"List of public Elastic IPs created for AWS NAT Gateway"},"natgw_ids":{"expression":{"references":["aws_nat_gateway.this"]},"description":"List of NAT Gateway IDs"},"outpost_network_acl_arn":{"expression":{"references":["aws_network_acl.outpost"]},"description":"ARN of the outpost network ACL"},"outpost_network_acl_id":{"expression":{"references":["aws_network_acl.outpost"]},"description":"ID of the outpost network ACL"},"outpost_subnet_arns":{"expression":{"references":["aws_subnet.outpost"]},"description":"List of ARNs of outpost subnets"},"outpost_subnets":{"expression":{"references":["aws_subnet.outpost"]},"description":"List of IDs of outpost subnets"},"outpost_subnets_cidr_blocks":{"expression":{"references":["aws_subnet.outpost"]},"description":"List of cidr_blocks of outpost subnets"},"outpost_subnets_ipv6_cidr_blocks":{"expression":{"references":["aws_subnet.outpost"]},"description":"List of IPv6 cidr_blocks of outpost subnets in an IPv6 enabled VPC"},"private_ipv6_egress_route_ids":{"expression":{"references":["aws_route.private_ipv6_egress"]},"description":"List of IDs of the ipv6 egress route."},"private_nat_gateway_route_ids":{"expression":{"references":["aws_route.private_nat_gateway"]},"description":"List of IDs of the private nat gateway route."},"private_network_acl_arn":{"expression":{"references":["aws_network_acl.private"]},"description":"ARN of the private network ACL"},"private_network_acl_id":{"expression":{"references":["aws_network_acl.private"]},"description":"ID of the private network ACL"},"private_route_table_association_ids":{"expression":{"references":["aws_route_table_association.private"]},"description":"List of IDs of the private route table association"},"private_route_table_ids":{"expression":{"references":["aws_route_table.private"]},"description":"List of IDs of private route tables"},"private_subnet_arns":{"expression":{"references":["aws_subnet.private"]},"description":"List of ARNs of private subnets"},"private_subnets":{"expression":{"references":["aws_subnet.private"]},"description":"List of IDs of private subnets"},"private_subnets_cidr_blocks":{"expression":{"references":["aws_subnet.private"]},"description":"List of cidr_blocks of private subnets"},"private_subnets_ipv6_cidr_blocks":{"expression":{"references":["aws_subnet.private"]},"description":"List of IPv6 cidr_blocks of private subnets in an IPv6 enabled VPC"},"public_internet_gateway_ipv6_route_id":{"expression":{"references":["aws_route.public_internet_gateway_ipv6"]},"description":"ID of the IPv6 internet gateway route."},"public_internet_gateway_route_id":{"expression":{"references":["aws_route.public_internet_gateway"]},"description":"ID of the internet gateway route."},"public_network_acl_arn":{"expression":{"references":["aws_network_acl.public"]},"description":"ARN of the public network ACL"},"public_network_acl_id":{"expression":{"references":["aws_network_acl.public"]},"description":"ID of the public network ACL"},"public_route_table_association_ids":{"expression":{"references":["aws_route_table_association.public"]},"description":"List of IDs of the public route table association"},"public_route_table_ids":{"expression":{"references":["aws_route_table.public"]},"description":"List of IDs of public route tables"},"public_subnet_arns":{"expression":{"references":["aws_subnet.public"]},"description":"List of ARNs of public subnets"},"public_subnets":{"expression":{"references":["aws_subnet.public"]},"description":"List of IDs of public subnets"},"public_subnets_cidr_blocks":{"expression":{"references":["aws_subnet.public"]},"description":"List of cidr_blocks of public subnets"},"public_subnets_ipv6_cidr_blocks":{"expression":{"references":["aws_subnet.public"]},"description":"List of IPv6 cidr_blocks of public subnets in an IPv6 enabled VPC"},"redshift_network_acl_arn":{"expression":{"references":["aws_network_acl.redshift"]},"description":"ARN of the redshift network ACL"},"redshift_network_acl_id":{"expression":{"references":["aws_network_acl.redshift"]},"description":"ID of the redshift network ACL"},"redshift_public_route_table_association_ids":{"expression":{"references":["aws_route_table_association.redshift_public"]},"description":"List of IDs of the public redshidt route table association"},"redshift_route_table_association_ids":{"expression":{"references":["aws_route_table_association.redshift"]},"description":"List of IDs of the redshift route table association"},"redshift_route_table_ids":{"expression":{"references":["aws_route_table.redshift","aws_route_table.redshift","aws_route_table.private"]},"description":"List of IDs of redshift route tables"},"redshift_subnet_arns":{"expression":{"references":["aws_subnet.redshift"]},"description":"List of ARNs of redshift subnets"},"redshift_subnet_group":{"expression":{"references":["aws_redshift_subnet_group.redshift"]},"description":"ID of redshift subnet group"},"redshift_subnets":{"expression":{"references":["aws_subnet.redshift"]},"description":"List of IDs of redshift subnets"},"redshift_subnets_cidr_blocks":{"expression":{"references":["aws_subnet.redshift"]},"description":"List of cidr_blocks of redshift subnets"},"redshift_subnets_ipv6_cidr_blocks":{"expression":{"references":["aws_subnet.redshift"]},"description":"List of IPv6 cidr_blocks of redshift subnets in an IPv6 enabled VPC"},"this_customer_gateway":{"expression":{"references":["aws_customer_gateway.this"]},"description":"Map of Customer Gateway attributes"},"vgw_arn":{"expression":{"references":["aws_vpn_gateway.this"]},"description":"The ARN of the VPN Gateway"},"vgw_id":{"expression":{"references":["aws_vpn_gateway.this","aws_vpn_gateway_attachment.this"]},"description":"The ID of the VPN Gateway"},"vpc_arn":{"expression":{"references":["aws_vpc.this"]},"description":"The ARN of the VPC"},"vpc_cidr_block":{"expression":{"references":["aws_vpc.this"]},"description":"The CIDR block of the VPC"},"vpc_enable_dns_hostnames":{"expression":{"references":["aws_vpc.this"]},"description":"Whether or not the VPC has DNS hostname support"},"vpc_enable_dns_support":{"expression":{"references":["aws_vpc.this"]},"description":"Whether or not the VPC has DNS support"},"vpc_flow_log_cloudwatch_iam_role_arn":{"expression":{"references":["local.flow_log_iam_role_arn"]},"description":"The ARN of the IAM role used when pushing logs to Cloudwatch log group"},"vpc_flow_log_destination_arn":{"expression":{"references":["local.flow_log_destination_arn"]},"description":"The ARN of the destination for VPC Flow Logs"},"vpc_flow_log_destination_type":{"expression":{"references":["var.flow_log_destination_type"]},"description":"The type of the destination for VPC Flow Logs"},"vpc_flow_log_id":{"expression":{"references":["aws_flow_log.this"]},"description":"The ID of the Flow Log resource"},"vpc_id":{"expression":{"references":["aws_vpc.this"]},"description":"The ID of the VPC"},"vpc_instance_tenancy":{"expression":{"references":["aws_vpc.this"]},"description":"Tenancy of instances spin up within VPC"},"vpc_ipv6_association_id":{"expression":{"references":["aws_vpc.this"]},"description":"The association ID for the IPv6 CIDR block"},"vpc_ipv6_cidr_block":{"expression":{"references":["aws_vpc.this"]},"description":"The IPv6 CIDR block"},"vpc_main_route_table_id":{"expression":{"references":["aws_vpc.this"]},"description":"The ID of the main route table associated with this VPC"},"vpc_owner_id":{"expression":{"references":["aws_vpc.this"]},"description":"The ID of the AWS account that owns the VPC"},"vpc_secondary_cidr_blocks":{"expression":{"references":["aws_vpc_ipv4_cidr_block_association.this"]},"description":"List of secondary CIDR blocks of the VPC"}},"resources":[{"address":"aws_cloudwatch_log_group.flow_log","mode":"managed","type":"aws_cloudwatch_log_group","name":"flow_log","provider_config_key":"vpc:aws","expressions":{"kms_key_id":{"references":["var.flow_log_cloudwatch_log_group_kms_key_id"]},"name":{"references":["var.flow_log_cloudwatch_log_group_name_prefix","local.vpc_id"]},"retention_in_days":{"references":["var.flow_log_cloudwatch_log_group_retention_in_days"]},"tags":{"references":["var.tags","var.vpc_flow_log_tags"]}},"schema_version":0,"count_expression":{"references":["local.create_flow_log_cloudwatch_log_group"]},"raw_data":{"FileName":".terraform/modules/vpc_example_complete-vpc/vpc-flow-logs.tf","StartLine":34,"EndLine":42}},{"address":"aws_customer_gateway.this","mode":"managed","type":"aws_customer_gateway","name":"this","provider_config_key":"vpc:aws","expressions":{"bgp_asn":{"references":["each.value"]},"ip_address":{"references":["each.value"]},"tags":{"references":["var.name","each.key","var.tags","var.customer_gateway_tags"]},"type":{"constant_value":"ipsec.1"}},"schema_version":0,"for_each_expression":{"references":["var.customer_gateways"]},"raw_data":{"FileName":".terraform/modules/vpc_example_complete-vpc/main.tf","StartLine":1215,"EndLine":1229}},{"address":"aws_db_subnet_group.database","mode":"managed","type":"aws_db_subnet_group","name":"database","provider_config_key":"vpc:aws","expressions":{"description":{"references":["var.name"]},"name":{"references":["var.database_subnet_group_name","var.name"]},"subnet_ids":{"references":["aws_subnet.database"]},"tags":{"references":["var.database_subnet_group_name","var.name","var.tags","var.database_subnet_group_tags"]}},"schema_version":0,"count_expression":{"references":["var.create_vpc","var.database_subnets","var.create_database_subnet_group"]},"raw_data":{"FileName":".terraform/modules/vpc_example_complete-vpc/main.tf","StartLine":481,"EndLine":495}},{"address":"aws_default_network_acl.this","mode":"managed","type":"aws_default_network_acl","name":"this","provider_config_key":"vpc:aws","expressions":{"default_network_acl_id":{"references":["aws_vpc.this"]},"subnet_ids":{"references":["aws_subnet.public","aws_subnet.private","aws_subnet.intra","aws_subnet.database","aws_subnet.redshift","aws_subnet.elasticache","aws_subnet.outpost","aws_network_acl.public","aws_network_acl.private","aws_network_acl.intra","aws_network_acl.database","aws_network_acl.redshift","aws_network_acl.elasticache","aws_network_acl.outpost"]},"tags":{"references":["var.default_network_acl_name","var.tags","var.default_network_acl_tags"]}},"schema_version":0,"count_expression":{"references":["var.create_vpc","var.manage_default_network_acl"]},"raw_data":{"FileName":".terraform/modules/vpc_example_complete-vpc/main.tf","StartLine":609,"EndLine":673}},{"address":"aws_default_route_table.default","mode":"managed","type":"aws_default_route_table","name":"default","provider_config_key":"vpc:aws","expressions":{"default_route_table_id":{"references":["aws_vpc.this[0]"]},"propagating_vgws":{"references":["var.default_route_table_propagating_vgws"]},"tags":{"references":["var.name","var.tags","var.default_route_table_tags"]}},"schema_version":0,"count_expression":{"references":["var.create_vpc","var.manage_default_route_table"]},"raw_data":{"FileName":".terraform/modules/vpc_example_complete-vpc/main.tf","StartLine":162,"EndLine":192}},{"address":"aws_default_security_group.this","mode":"managed","type":"aws_default_security_group","name":"this","provider_config_key":"vpc:aws","expressions":{"tags":{"references":["var.default_security_group_name","var.tags","var.default_security_group_tags"]},"vpc_id":{"references":["aws_vpc.this[0]"]}},"schema_version":1,"count_expression":{"references":["var.create_vpc","var.manage_default_security_group"]},"raw_data":{"FileName":".terraform/modules/vpc_example_complete-vpc/main.tf","StartLine":53,"EndLine":95}},{"address":"aws_default_vpc.this","mode":"managed","type":"aws_default_vpc","name":"this","provider_config_key":"vpc:aws","expressions":{"enable_classiclink":{"references":["var.default_vpc_enable_classiclink"]},"enable_dns_hostnames":{"references":["var.default_vpc_enable_dns_hostnames"]},"enable_dns_support":{"references":["var.default_vpc_enable_dns_support"]},"tags":{"references":["var.default_vpc_name","var.tags","var.default_vpc_tags"]}},"schema_version":1,"count_expression":{"references":["var.manage_default_vpc"]},"raw_data":{"FileName":".terraform/modules/vpc_example_complete-vpc/main.tf","StartLine":1301,"EndLine":1315}},{"address":"aws_egress_only_internet_gateway.this","mode":"managed","type":"aws_egress_only_internet_gateway","name":"this","provider_config_key":"vpc:aws","expressions":{"tags":{"references":["var.name","var.tags","var.igw_tags"]},"vpc_id":{"references":["local.vpc_id"]}},"schema_version":0,"count_expression":{"references":["var.create_vpc","var.create_egress_only_igw","var.enable_ipv6","local.max_subnet_length"]},"raw_data":{"FileName":".terraform/modules/vpc_example_complete-vpc/main.tf","StartLine":144,"EndLine":156}},{"address":"aws_eip.nat","mode":"managed","type":"aws_eip","name":"nat","provider_config_key":"vpc:aws","expressions":{"tags":{"references":["var.name","var.azs","var.single_nat_gateway","count.index","var.tags","var.nat_eip_tags"]},"vpc":{"constant_value":true}},"schema_version":0,"count_expression":{"references":["var.create_vpc","var.enable_nat_gateway","var.reuse_nat_ips","local.nat_gateway_count"]},"raw_data":{"FileName":".terraform/modules/vpc_example_complete-vpc/main.tf","StartLine":1065,"EndLine":1081}},{"address":"aws_elasticache_subnet_group.elasticache","mode":"managed","type":"aws_elasticache_subnet_group","name":"elasticache","provider_config_key":"vpc:aws","expressions":{"description":{"references":["var.name"]},"name":{"references":["var.name"]},"subnet_ids":{"references":["aws_subnet.elasticache"]}},"schema_version":0,"count_expression":{"references":["var.create_vpc","var.elasticache_subnets","var.create_elasticache_subnet_group"]},"raw_data":{"FileName":".terraform/modules/vpc_example_complete-vpc/main.tf","StartLine":569,"EndLine":575}},{"address":"aws_flow_log.this","mode":"managed","type":"aws_flow_log","name":"this","provider_config_key":"vpc:aws","expressions":{"iam_role_arn":{"references":["local.flow_log_iam_role_arn"]},"log_destination":{"references":["local.flow_log_destination_arn"]},"log_destination_type":{"references":["var.flow_log_destination_type"]},"log_format":{"references":["var.flow_log_log_format"]},"max_aggregation_interval":{"references":["var.flow_log_max_aggregation_interval"]},"tags":{"references":["var.tags","var.vpc_flow_log_tags"]},"traffic_type":{"references":["var.flow_log_traffic_type"]},"vpc_id":{"references":["local.vpc_id"]}},"schema_version":0,"count_expression":{"references":["local.enable_flow_log"]},"raw_data":{"FileName":".terraform/modules/vpc_example_complete-vpc/vpc-flow-logs.tf","StartLine":16,"EndLine":28}},{"address":"aws_iam_policy.vpc_flow_log_cloudwatch","mode":"managed","type":"aws_iam_policy","name":"vpc_flow_log_cloudwatch","provider_config_key":"vpc:aws","expressions":{"name_prefix":{"constant_value":"vpc-flow-log-to-cloudwatch-"},"policy":{"references":["data.aws_iam_policy_document.vpc_flow_log_cloudwatch[0]"]}},"schema_version":0,"count_expression":{"references":["local.create_flow_log_cloudwatch_iam_role"]},"raw_data":{"FileName":".terraform/modules/vpc_example_complete-vpc/vpc-flow-logs.tf","StartLine":76,"EndLine":81}},{"address":"aws_iam_role.vpc_flow_log_cloudwatch","mode":"managed","type":"aws_iam_role","name":"vpc_flow_log_cloudwatch","provider_config_key":"vpc:aws","expressions":{"assume_role_policy":{"references":["data.aws_iam_policy_document.flow_log_cloudwatch_assume_role[0]"]},"name_prefix":{"constant_value":"vpc-flow-log-role-"},"permissions_boundary":{"references":["var.vpc_flow_log_permissions_boundary"]},"tags":{"references":["var.tags","var.vpc_flow_log_tags"]}},"schema_version":0,"count_expression":{"references":["local.create_flow_log_cloudwatch_iam_role"]},"raw_data":{"FileName":".terraform/modules/vpc_example_complete-vpc/vpc-flow-logs.tf","StartLine":44,"EndLine":52}},{"address":"aws_iam_role_policy_attachment.vpc_flow_log_cloudwatch","mode":"managed","type":"aws_iam_role_policy_attachment","name":"vpc_flow_log_cloudwatch","provider_config_key":"vpc:aws","expressions":{"policy_arn":{"references":["aws_iam_policy.vpc_flow_log_cloudwatch[0]"]},"role":{"references":["aws_iam_role.vpc_flow_log_cloudwatch[0]"]}},"schema_version":0,"count_expression":{"references":["local.create_flow_log_cloudwatch_iam_role"]},"raw_data":{"FileName":".terraform/modules/vpc_example_complete-vpc/vpc-flow-logs.tf","StartLine":69,"EndLine":74}},{"address":"aws_internet_gateway.this","mode":"managed","type":"aws_internet_gateway","name":"this","provider_config_key":"vpc:aws","expressions":{"tags":{"references":["var.name","var.tags","var.igw_tags"]},"vpc_id":{"references":["local.vpc_id"]}},"schema_version":0,"count_expression":{"references":["var.create_vpc","var.create_igw","var.public_subnets"]},"raw_data":{"FileName":".terraform/modules/vpc_example_complete-vpc/main.tf","StartLine":130,"EndLine":142}},{"address":"aws_nat_gateway.this","mode":"managed","type":"aws_nat_gateway","name":"this","provider_config_key":"vpc:aws","expressions":{"allocation_id":{"references":["local.nat_gateway_ips","var.single_nat_gateway","count.index"]},"subnet_id":{"references":["aws_subnet.public","var.single_nat_gateway","count.index"]},"tags":{"references":["var.name","var.azs","var.single_nat_gateway","count.index","var.tags","var.nat_gateway_tags"]}},"schema_version":0,"count_expression":{"references":["var.create_vpc","var.enable_nat_gateway","local.nat_gateway_count"]},"depends_on":["aws_internet_gateway.this"],"raw_data":{"FileName":".terraform/modules/vpc_example_complete-vpc/main.tf","StartLine":1083,"EndLine":1108}},{"address":"aws_network_acl.database","mode":"managed","type":"aws_network_acl","name":"database","provider_config_key":"vpc:aws","expressions":{"subnet_ids":{"references":["aws_subnet.database"]},"tags":{"references":["var.database_subnet_suffix","var.name","var.tags","var.database_acl_tags"]},"vpc_id":{"references":["aws_vpc.this"]}},"schema_version":0,"count_expression":{"references":["var.create_vpc","var.database_dedicated_network_acl","var.database_subnets"]},"raw_data":{"FileName":".terraform/modules/vpc_example_complete-vpc/main.tf","StartLine":891,"EndLine":904}},{"address":"aws_network_acl.elasticache","mode":"managed","type":"aws_network_acl","name":"elasticache","provider_config_key":"vpc:aws","expressions":{"subnet_ids":{"references":["aws_subnet.elasticache"]},"tags":{"references":["var.elasticache_subnet_suffix","var.name","var.tags","var.elasticache_acl_tags"]},"vpc_id":{"references":["aws_vpc.this"]}},"schema_version":0,"count_expression":{"references":["var.create_vpc","var.elasticache_dedicated_network_acl","var.elasticache_subnets"]},"raw_data":{"FileName":".terraform/modules/vpc_example_complete-vpc/main.tf","StartLine":997,"EndLine":1010}},{"address":"aws_network_acl.intra","mode":"managed","type":"aws_network_acl","name":"intra","provider_config_key":"vpc:aws","expressions":{"subnet_ids":{"references":["aws_subnet.intra"]},"tags":{"references":["var.intra_subnet_suffix","var.name","var.tags","var.intra_acl_tags"]},"vpc_id":{"references":["aws_vpc.this"]}},"schema_version":0,"count_expression":{"references":["var.create_vpc","var.intra_dedicated_network_acl","var.intra_subnets"]},"raw_data":{"FileName":".terraform/modules/vpc_example_complete-vpc/main.tf","StartLine":838,"EndLine":851}},{"address":"aws_network_acl.outpost","mode":"managed","type":"aws_network_acl","name":"outpost","provider_config_key":"vpc:aws","expressions":{"subnet_ids":{"references":["aws_subnet.outpost"]},"tags":{"references":["var.outpost_subnet_suffix","var.name","var.tags","var.outpost_acl_tags"]},"vpc_id":{"references":["aws_vpc.this"]}},"schema_version":0,"count_expression":{"references":["var.create_vpc","var.outpost_dedicated_network_acl","var.outpost_subnets"]},"raw_data":{"FileName":".terraform/modules/vpc_example_complete-vpc/main.tf","StartLine":785,"EndLine":798}},{"address":"aws_network_acl.private","mode":"managed","type":"aws_network_acl","name":"private","provider_config_key":"vpc:aws","expressions":{"subnet_ids":{"references":["aws_subnet.private"]},"tags":{"references":["var.private_subnet_suffix","var.name","var.tags","var.private_acl_tags"]},"vpc_id":{"references":["aws_vpc.this"]}},"schema_version":0,"count_expression":{"references":["var.create_vpc","var.private_dedicated_network_acl","var.private_subnets"]},"raw_data":{"FileName":".terraform/modules/vpc_example_complete-vpc/main.tf","StartLine":732,"EndLine":745}},{"address":"aws_network_acl.public","mode":"managed","type":"aws_network_acl","name":"public","provider_config_key":"vpc:aws","expressions":{"subnet_ids":{"references":["aws_subnet.public"]},"tags":{"references":["var.public_subnet_suffix","var.name","var.tags","var.public_acl_tags"]},"vpc_id":{"references":["aws_vpc.this"]}},"schema_version":0,"count_expression":{"references":["var.create_vpc","var.public_dedicated_network_acl","var.public_subnets"]},"raw_data":{"FileName":".terraform/modules/vpc_example_complete-vpc/main.tf","StartLine":679,"EndLine":692}},{"address":"aws_network_acl.redshift","mode":"managed","type":"aws_network_acl","name":"redshift","provider_config_key":"vpc:aws","expressions":{"subnet_ids":{"references":["aws_subnet.redshift"]},"tags":{"references":["var.redshift_subnet_suffix","var.name","var.tags","var.redshift_acl_tags"]},"vpc_id":{"references":["aws_vpc.this"]}},"schema_version":0,"count_expression":{"references":["var.create_vpc","var.redshift_dedicated_network_acl","var.redshift_subnets"]},"raw_data":{"FileName":".terraform/modules/vpc_example_complete-vpc/main.tf","StartLine":944,"EndLine":957}},{"address":"aws_network_acl_rule.database_inbound","mode":"managed","type":"aws_network_acl_rule","name":"database_inbound","provider_config_key":"vpc:aws","expressions":{"cidr_block":{"references":["var.database_inbound_acl_rules","count.index"]},"egress":{"constant_value":false},"from_port":{"references":["var.database_inbound_acl_rules","count.index"]},"icmp_code":{"references":["var.database_inbound_acl_rules","count.index"]},"icmp_type":{"references":["var.database_inbound_acl_rules","count.index"]},"ipv6_cidr_block":{"references":["var.database_inbound_acl_rules","count.index"]},"network_acl_id":{"references":["aws_network_acl.database[0]"]},"protocol":{"references":["var.database_inbound_acl_rules","count.index"]},"rule_action":{"references":["var.database_inbound_acl_rules","count.index"]},"rule_number":{"references":["var.database_inbound_acl_rules","count.index"]},"to_port":{"references":["var.database_inbound_acl_rules","count.index"]}},"schema_version":0,"count_expression":{"references":["var.create_vpc","var.database_dedicated_network_acl","var.database_subnets","var.database_inbound_acl_rules"]},"raw_data":{"FileName":".terraform/modules/vpc_example_complete-vpc/main.tf","StartLine":906,"EndLine":921}},{"address":"aws_network_acl_rule.database_outbound","mode":"managed","type":"aws_network_acl_rule","name":"database_outbound","provider_config_key":"vpc:aws","expressions":{"cidr_block":{"references":["var.database_outbound_acl_rules","count.index"]},"egress":{"constant_value":true},"from_port":{"references":["var.database_outbound_acl_rules","count.index"]},"icmp_code":{"references":["var.database_outbound_acl_rules","count.index"]},"icmp_type":{"references":["var.database_outbound_acl_rules","count.index"]},"ipv6_cidr_block":{"references":["var.database_outbound_acl_rules","count.index"]},"network_acl_id":{"references":["aws_network_acl.database[0]"]},"protocol":{"references":["var.database_outbound_acl_rules","count.index"]},"rule_action":{"references":["var.database_outbound_acl_rules","count.index"]},"rule_number":{"references":["var.database_outbound_acl_rules","count.index"]},"to_port":{"references":["var.database_outbound_acl_rules","count.index"]}},"schema_version":0,"count_expression":{"references":["var.create_vpc","var.database_dedicated_network_acl","var.database_subnets","var.database_outbound_acl_rules"]},"raw_data":{"FileName":".terraform/modules/vpc_example_complete-vpc/main.tf","StartLine":923,"EndLine":938}},{"address":"aws_network_acl_rule.elasticache_inbound","mode":"managed","type":"aws_network_acl_rule","name":"elasticache_inbound","provider_config_key":"vpc:aws","expressions":{"cidr_block":{"references":["var.elasticache_inbound_acl_rules","count.index"]},"egress":{"constant_value":false},"from_port":{"references":["var.elasticache_inbound_acl_rules","count.index"]},"icmp_code":{"references":["var.elasticache_inbound_acl_rules","count.index"]},"icmp_type":{"references":["var.elasticache_inbound_acl_rules","count.index"]},"ipv6_cidr_block":{"references":["var.elasticache_inbound_acl_rules","count.index"]},"network_acl_id":{"references":["aws_network_acl.elasticache[0]"]},"protocol":{"references":["var.elasticache_inbound_acl_rules","count.index"]},"rule_action":{"references":["var.elasticache_inbound_acl_rules","count.index"]},"rule_number":{"references":["var.elasticache_inbound_acl_rules","count.index"]},"to_port":{"references":["var.elasticache_inbound_acl_rules","count.index"]}},"schema_version":0,"count_expression":{"references":["var.create_vpc","var.elasticache_dedicated_network_acl","var.elasticache_subnets","var.elasticache_inbound_acl_rules"]},"raw_data":{"FileName":".terraform/modules/vpc_example_complete-vpc/main.tf","StartLine":1012,"EndLine":1027}},{"address":"aws_network_acl_rule.elasticache_outbound","mode":"managed","type":"aws_network_acl_rule","name":"elasticache_outbound","provider_config_key":"vpc:aws","expressions":{"cidr_block":{"references":["var.elasticache_outbound_acl_rules","count.index"]},"egress":{"constant_value":true},"from_port":{"references":["var.elasticache_outbound_acl_rules","count.index"]},"icmp_code":{"references":["var.elasticache_outbound_acl_rules","count.index"]},"icmp_type":{"references":["var.elasticache_outbound_acl_rules","count.index"]},"ipv6_cidr_block":{"references":["var.elasticache_outbound_acl_rules","count.index"]},"network_acl_id":{"references":["aws_network_acl.elasticache[0]"]},"protocol":{"references":["var.elasticache_outbound_acl_rules","count.index"]},"rule_action":{"references":["var.elasticache_outbound_acl_rules","count.index"]},"rule_number":{"references":["var.elasticache_outbound_acl_rules","count.index"]},"to_port":{"references":["var.elasticache_outbound_acl_rules","count.index"]}},"schema_version":0,"count_expression":{"references":["var.create_vpc","var.elasticache_dedicated_network_acl","var.elasticache_subnets","var.elasticache_outbound_acl_rules"]},"raw_data":{"FileName":".terraform/modules/vpc_example_complete-vpc/main.tf","StartLine":1029,"EndLine":1044}},{"address":"aws_network_acl_rule.intra_inbound","mode":"managed","type":"aws_network_acl_rule","name":"intra_inbound","provider_config_key":"vpc:aws","expressions":{"cidr_block":{"references":["var.intra_inbound_acl_rules","count.index"]},"egress":{"constant_value":false},"from_port":{"references":["var.intra_inbound_acl_rules","count.index"]},"icmp_code":{"references":["var.intra_inbound_acl_rules","count.index"]},"icmp_type":{"references":["var.intra_inbound_acl_rules","count.index"]},"ipv6_cidr_block":{"references":["var.intra_inbound_acl_rules","count.index"]},"network_acl_id":{"references":["aws_network_acl.intra[0]"]},"protocol":{"references":["var.intra_inbound_acl_rules","count.index"]},"rule_action":{"references":["var.intra_inbound_acl_rules","count.index"]},"rule_number":{"references":["var.intra_inbound_acl_rules","count.index"]},"to_port":{"references":["var.intra_inbound_acl_rules","count.index"]}},"schema_version":0,"count_expression":{"references":["var.create_vpc","var.intra_dedicated_network_acl","var.intra_subnets","var.intra_inbound_acl_rules"]},"raw_data":{"FileName":".terraform/modules/vpc_example_complete-vpc/main.tf","StartLine":853,"EndLine":868}},{"address":"aws_network_acl_rule.intra_outbound","mode":"managed","type":"aws_network_acl_rule","name":"intra_outbound","provider_config_key":"vpc:aws","expressions":{"cidr_block":{"references":["var.intra_outbound_acl_rules","count.index"]},"egress":{"constant_value":true},"from_port":{"references":["var.intra_outbound_acl_rules","count.index"]},"icmp_code":{"references":["var.intra_outbound_acl_rules","count.index"]},"icmp_type":{"references":["var.intra_outbound_acl_rules","count.index"]},"ipv6_cidr_block":{"references":["var.intra_outbound_acl_rules","count.index"]},"network_acl_id":{"references":["aws_network_acl.intra[0]"]},"protocol":{"references":["var.intra_outbound_acl_rules","count.index"]},"rule_action":{"references":["var.intra_outbound_acl_rules","count.index"]},"rule_number":{"references":["var.intra_outbound_acl_rules","count.index"]},"to_port":{"references":["var.intra_outbound_acl_rules","count.index"]}},"schema_version":0,"count_expression":{"references":["var.create_vpc","var.intra_dedicated_network_acl","var.intra_subnets","var.intra_outbound_acl_rules"]},"raw_data":{"FileName":".terraform/modules/vpc_example_complete-vpc/main.tf","StartLine":870,"EndLine":885}},{"address":"aws_network_acl_rule.outpost_inbound","mode":"managed","type":"aws_network_acl_rule","name":"outpost_inbound","provider_config_key":"vpc:aws","expressions":{"cidr_block":{"references":["var.outpost_inbound_acl_rules","count.index"]},"egress":{"constant_value":false},"from_port":{"references":["var.outpost_inbound_acl_rules","count.index"]},"icmp_code":{"references":["var.outpost_inbound_acl_rules","count.index"]},"icmp_type":{"references":["var.outpost_inbound_acl_rules","count.index"]},"ipv6_cidr_block":{"references":["var.outpost_inbound_acl_rules","count.index"]},"network_acl_id":{"references":["aws_network_acl.outpost[0]"]},"protocol":{"references":["var.outpost_inbound_acl_rules","count.index"]},"rule_action":{"references":["var.outpost_inbound_acl_rules","count.index"]},"rule_number":{"references":["var.outpost_inbound_acl_rules","count.index"]},"to_port":{"references":["var.outpost_inbound_acl_rules","count.index"]}},"schema_version":0,"count_expression":{"references":["var.create_vpc","var.outpost_dedicated_network_acl","var.outpost_subnets","var.outpost_inbound_acl_rules"]},"raw_data":{"FileName":".terraform/modules/vpc_example_complete-vpc/main.tf","StartLine":800,"EndLine":815}},{"address":"aws_network_acl_rule.outpost_outbound","mode":"managed","type":"aws_network_acl_rule","name":"outpost_outbound","provider_config_key":"vpc:aws","expressions":{"cidr_block":{"references":["var.outpost_outbound_acl_rules","count.index"]},"egress":{"constant_value":true},"from_port":{"references":["var.outpost_outbound_acl_rules","count.index"]},"icmp_code":{"references":["var.outpost_outbound_acl_rules","count.index"]},"icmp_type":{"references":["var.outpost_outbound_acl_rules","count.index"]},"ipv6_cidr_block":{"references":["var.outpost_outbound_acl_rules","count.index"]},"network_acl_id":{"references":["aws_network_acl.outpost[0]"]},"protocol":{"references":["var.outpost_outbound_acl_rules","count.index"]},"rule_action":{"references":["var.outpost_outbound_acl_rules","count.index"]},"rule_number":{"references":["var.outpost_outbound_acl_rules","count.index"]},"to_port":{"references":["var.outpost_outbound_acl_rules","count.index"]}},"schema_version":0,"count_expression":{"references":["var.create_vpc","var.outpost_dedicated_network_acl","var.outpost_subnets","var.outpost_outbound_acl_rules"]},"raw_data":{"FileName":".terraform/modules/vpc_example_complete-vpc/main.tf","StartLine":817,"EndLine":832}},{"address":"aws_network_acl_rule.private_inbound","mode":"managed","type":"aws_network_acl_rule","name":"private_inbound","provider_config_key":"vpc:aws","expressions":{"cidr_block":{"references":["var.private_inbound_acl_rules","count.index"]},"egress":{"constant_value":false},"from_port":{"references":["var.private_inbound_acl_rules","count.index"]},"icmp_code":{"references":["var.private_inbound_acl_rules","count.index"]},"icmp_type":{"references":["var.private_inbound_acl_rules","count.index"]},"ipv6_cidr_block":{"references":["var.private_inbound_acl_rules","count.index"]},"network_acl_id":{"references":["aws_network_acl.private[0]"]},"protocol":{"references":["var.private_inbound_acl_rules","count.index"]},"rule_action":{"references":["var.private_inbound_acl_rules","count.index"]},"rule_number":{"references":["var.private_inbound_acl_rules","count.index"]},"to_port":{"references":["var.private_inbound_acl_rules","count.index"]}},"schema_version":0,"count_expression":{"references":["var.create_vpc","var.private_dedicated_network_acl","var.private_subnets","var.private_inbound_acl_rules"]},"raw_data":{"FileName":".terraform/modules/vpc_example_complete-vpc/main.tf","StartLine":747,"EndLine":762}},{"address":"aws_network_acl_rule.private_outbound","mode":"managed","type":"aws_network_acl_rule","name":"private_outbound","provider_config_key":"vpc:aws","expressions":{"cidr_block":{"references":["var.private_outbound_acl_rules","count.index"]},"egress":{"constant_value":true},"from_port":{"references":["var.private_outbound_acl_rules","count.index"]},"icmp_code":{"references":["var.private_outbound_acl_rules","count.index"]},"icmp_type":{"references":["var.private_outbound_acl_rules","count.index"]},"ipv6_cidr_block":{"references":["var.private_outbound_acl_rules","count.index"]},"network_acl_id":{"references":["aws_network_acl.private[0]"]},"protocol":{"references":["var.private_outbound_acl_rules","count.index"]},"rule_action":{"references":["var.private_outbound_acl_rules","count.index"]},"rule_number":{"references":["var.private_outbound_acl_rules","count.index"]},"to_port":{"references":["var.private_outbound_acl_rules","count.index"]}},"schema_version":0,"count_expression":{"references":["var.create_vpc","var.private_dedicated_network_acl","var.private_subnets","var.private_outbound_acl_rules"]},"raw_data":{"FileName":".terraform/modules/vpc_example_complete-vpc/main.tf","StartLine":764,"EndLine":779}},{"address":"aws_network_acl_rule.public_inbound","mode":"managed","type":"aws_network_acl_rule","name":"public_inbound","provider_config_key":"vpc:aws","expressions":{"cidr_block":{"references":["var.public_inbound_acl_rules","count.index"]},"egress":{"constant_value":false},"from_port":{"references":["var.public_inbound_acl_rules","count.index"]},"icmp_code":{"references":["var.public_inbound_acl_rules","count.index"]},"icmp_type":{"references":["var.public_inbound_acl_rules","count.index"]},"ipv6_cidr_block":{"references":["var.public_inbound_acl_rules","count.index"]},"network_acl_id":{"references":["aws_network_acl.public[0]"]},"protocol":{"references":["var.public_inbound_acl_rules","count.index"]},"rule_action":{"references":["var.public_inbound_acl_rules","count.index"]},"rule_number":{"references":["var.public_inbound_acl_rules","count.index"]},"to_port":{"references":["var.public_inbound_acl_rules","count.index"]}},"schema_version":0,"count_expression":{"references":["var.create_vpc","var.public_dedicated_network_acl","var.public_subnets","var.public_inbound_acl_rules"]},"raw_data":{"FileName":".terraform/modules/vpc_example_complete-vpc/main.tf","StartLine":694,"EndLine":709}},{"address":"aws_network_acl_rule.public_outbound","mode":"managed","type":"aws_network_acl_rule","name":"public_outbound","provider_config_key":"vpc:aws","expressions":{"cidr_block":{"references":["var.public_outbound_acl_rules","count.index"]},"egress":{"constant_value":true},"from_port":{"references":["var.public_outbound_acl_rules","count.index"]},"icmp_code":{"references":["var.public_outbound_acl_rules","count.index"]},"icmp_type":{"references":["var.public_outbound_acl_rules","count.index"]},"ipv6_cidr_block":{"references":["var.public_outbound_acl_rules","count.index"]},"network_acl_id":{"references":["aws_network_acl.public[0]"]},"protocol":{"references":["var.public_outbound_acl_rules","count.index"]},"rule_action":{"references":["var.public_outbound_acl_rules","count.index"]},"rule_number":{"references":["var.public_outbound_acl_rules","count.index"]},"to_port":{"references":["var.public_outbound_acl_rules","count.index"]}},"schema_version":0,"count_expression":{"references":["var.create_vpc","var.public_dedicated_network_acl","var.public_subnets","var.public_outbound_acl_rules"]},"raw_data":{"FileName":".terraform/modules/vpc_example_complete-vpc/main.tf","StartLine":711,"EndLine":726}},{"address":"aws_network_acl_rule.redshift_inbound","mode":"managed","type":"aws_network_acl_rule","name":"redshift_inbound","provider_config_key":"vpc:aws","expressions":{"cidr_block":{"references":["var.redshift_inbound_acl_rules","count.index"]},"egress":{"constant_value":false},"from_port":{"references":["var.redshift_inbound_acl_rules","count.index"]},"icmp_code":{"references":["var.redshift_inbound_acl_rules","count.index"]},"icmp_type":{"references":["var.redshift_inbound_acl_rules","count.index"]},"ipv6_cidr_block":{"references":["var.redshift_inbound_acl_rules","count.index"]},"network_acl_id":{"references":["aws_network_acl.redshift[0]"]},"protocol":{"references":["var.redshift_inbound_acl_rules","count.index"]},"rule_action":{"references":["var.redshift_inbound_acl_rules","count.index"]},"rule_number":{"references":["var.redshift_inbound_acl_rules","count.index"]},"to_port":{"references":["var.redshift_inbound_acl_rules","count.index"]}},"schema_version":0,"count_expression":{"references":["var.create_vpc","var.redshift_dedicated_network_acl","var.redshift_subnets","var.redshift_inbound_acl_rules"]},"raw_data":{"FileName":".terraform/modules/vpc_example_complete-vpc/main.tf","StartLine":959,"EndLine":974}},{"address":"aws_network_acl_rule.redshift_outbound","mode":"managed","type":"aws_network_acl_rule","name":"redshift_outbound","provider_config_key":"vpc:aws","expressions":{"cidr_block":{"references":["var.redshift_outbound_acl_rules","count.index"]},"egress":{"constant_value":true},"from_port":{"references":["var.redshift_outbound_acl_rules","count.index"]},"icmp_code":{"references":["var.redshift_outbound_acl_rules","count.index"]},"icmp_type":{"references":["var.redshift_outbound_acl_rules","count.index"]},"ipv6_cidr_block":{"references":["var.redshift_outbound_acl_rules","count.index"]},"network_acl_id":{"references":["aws_network_acl.redshift[0]"]},"protocol":{"references":["var.redshift_outbound_acl_rules","count.index"]},"rule_action":{"references":["var.redshift_outbound_acl_rules","count.index"]},"rule_number":{"references":["var.redshift_outbound_acl_rules","count.index"]},"to_port":{"references":["var.redshift_outbound_acl_rules","count.index"]}},"schema_version":0,"count_expression":{"references":["var.create_vpc","var.redshift_dedicated_network_acl","var.redshift_subnets","var.redshift_outbound_acl_rules"]},"raw_data":{"FileName":".terraform/modules/vpc_example_complete-vpc/main.tf","StartLine":976,"EndLine":991}},{"address":"aws_redshift_subnet_group.redshift","mode":"managed","type":"aws_redshift_subnet_group","name":"redshift","provider_config_key":"vpc:aws","expressions":{"description":{"references":["var.name"]},"name":{"references":["var.name"]},"subnet_ids":{"references":["aws_subnet.redshift"]},"tags":{"references":["var.name","var.tags","var.redshift_subnet_group_tags"]}},"schema_version":0,"count_expression":{"references":["var.create_vpc","var.redshift_subnets","var.create_redshift_subnet_group"]},"raw_data":{"FileName":".terraform/modules/vpc_example_complete-vpc/main.tf","StartLine":525,"EndLine":539}},{"address":"aws_route.database_internet_gateway","mode":"managed","type":"aws_route","name":"database_internet_gateway","provider_config_key":"vpc:aws","expressions":{"destination_cidr_block":{"constant_value":"0.0.0.0/0"},"gateway_id":{"references":["aws_internet_gateway.this[0]"]},"route_table_id":{"references":["aws_route_table.database[0]"]},"timeouts":{"create":{"constant_value":"5m"}}},"schema_version":0,"count_expression":{"references":["var.create_vpc","var.create_igw","var.create_database_subnet_route_table","var.database_subnets","var.create_database_internet_gateway_route","var.create_database_nat_gateway_route"]},"raw_data":{"FileName":".terraform/modules/vpc_example_complete-vpc/main.tf","StartLine":277,"EndLine":287}},{"address":"aws_route.database_ipv6_egress","mode":"managed","type":"aws_route","name":"database_ipv6_egress","provider_config_key":"vpc:aws","expressions":{"destination_ipv6_cidr_block":{"constant_value":"::/0"},"egress_only_gateway_id":{"references":["aws_egress_only_internet_gateway.this[0]"]},"route_table_id":{"references":["aws_route_table.database[0]"]},"timeouts":{"create":{"constant_value":"5m"}}},"schema_version":0,"count_expression":{"references":["var.create_vpc","var.create_egress_only_igw","var.enable_ipv6","var.create_database_subnet_route_table","var.database_subnets","var.create_database_internet_gateway_route"]},"raw_data":{"FileName":".terraform/modules/vpc_example_complete-vpc/main.tf","StartLine":301,"EndLine":311}},{"address":"aws_route.database_nat_gateway","mode":"managed","type":"aws_route","name":"database_nat_gateway","provider_config_key":"vpc:aws","expressions":{"destination_cidr_block":{"constant_value":"0.0.0.0/0"},"nat_gateway_id":{"references":["aws_nat_gateway.this","count.index"]},"route_table_id":{"references":["aws_route_table.database","count.index"]},"timeouts":{"create":{"constant_value":"5m"}}},"schema_version":0,"count_expression":{"references":["var.create_vpc","var.create_database_subnet_route_table","var.database_subnets","var.create_database_internet_gateway_route","var.create_database_nat_gateway_route","var.enable_nat_gateway","var.single_nat_gateway","var.database_subnets"]},"raw_data":{"FileName":".terraform/modules/vpc_example_complete-vpc/main.tf","StartLine":289,"EndLine":299}},{"address":"aws_route.private_ipv6_egress","mode":"managed","type":"aws_route","name":"private_ipv6_egress","provider_config_key":"vpc:aws","expressions":{"destination_ipv6_cidr_block":{"constant_value":"::/0"},"egress_only_gateway_id":{"references":["aws_egress_only_internet_gateway.this"]},"route_table_id":{"references":["aws_route_table.private","count.index"]}},"schema_version":0,"count_expression":{"references":["var.create_vpc","var.create_egress_only_igw","var.enable_ipv6","var.private_subnets"]},"raw_data":{"FileName":".terraform/modules/vpc_example_complete-vpc/main.tf","StartLine":1122,"EndLine":1128}},{"address":"aws_route.private_nat_gateway","mode":"managed","type":"aws_route","name":"private_nat_gateway","provider_config_key":"vpc:aws","expressions":{"destination_cidr_block":{"constant_value":"0.0.0.0/0"},"nat_gateway_id":{"references":["aws_nat_gateway.this","count.index"]},"route_table_id":{"references":["aws_route_table.private","count.index"]},"timeouts":{"create":{"constant_value":"5m"}}},"schema_version":0,"count_expression":{"references":["var.create_vpc","var.enable_nat_gateway","local.nat_gateway_count"]},"raw_data":{"FileName":".terraform/modules/vpc_example_complete-vpc/main.tf","StartLine":1110,"EndLine":1120}},{"address":"aws_route.public_internet_gateway","mode":"managed","type":"aws_route","name":"public_internet_gateway","provider_config_key":"vpc:aws","expressions":{"destination_cidr_block":{"constant_value":"0.0.0.0/0"},"gateway_id":{"references":["aws_internet_gateway.this[0]"]},"route_table_id":{"references":["aws_route_table.public[0]"]},"timeouts":{"create":{"constant_value":"5m"}}},"schema_version":0,"count_expression":{"references":["var.create_vpc","var.create_igw","var.public_subnets"]},"raw_data":{"FileName":".terraform/modules/vpc_example_complete-vpc/main.tf","StartLine":212,"EndLine":222}},{"address":"aws_route.public_internet_gateway_ipv6","mode":"managed","type":"aws_route","name":"public_internet_gateway_ipv6","provider_config_key":"vpc:aws","expressions":{"destination_ipv6_cidr_block":{"constant_value":"::/0"},"gateway_id":{"references":["aws_internet_gateway.this[0]"]},"route_table_id":{"references":["aws_route_table.public[0]"]}},"schema_version":0,"count_expression":{"references":["var.create_vpc","var.create_igw","var.enable_ipv6","var.public_subnets"]},"raw_data":{"FileName":".terraform/modules/vpc_example_complete-vpc/main.tf","StartLine":224,"EndLine":230}},{"address":"aws_route_table.database","mode":"managed","type":"aws_route_table","name":"database","provider_config_key":"vpc:aws","expressions":{"tags":{"references":["var.single_nat_gateway","var.create_database_internet_gateway_route","var.name","var.database_subnet_suffix","var.database_subnet_suffix","var.name","var.azs","count.index","var.tags","var.database_route_table_tags"]},"vpc_id":{"references":["local.vpc_id"]}},"schema_version":0,"count_expression":{"references":["var.create_vpc","var.create_database_subnet_route_table","var.database_subnets","var.single_nat_gateway","var.create_database_internet_gateway_route","var.database_subnets"]},"raw_data":{"FileName":".terraform/modules/vpc_example_complete-vpc/main.tf","StartLine":259,"EndLine":275}},{"address":"aws_route_table.elasticache","mode":"managed","type":"aws_route_table","name":"elasticache","provider_config_key":"vpc:aws","expressions":{"tags":{"references":["var.name","var.elasticache_subnet_suffix","var.tags","var.elasticache_route_table_tags"]},"vpc_id":{"references":["local.vpc_id"]}},"schema_version":0,"count_expression":{"references":["var.create_vpc","var.create_elasticache_subnet_route_table","var.elasticache_subnets"]},"raw_data":{"FileName":".terraform/modules/vpc_example_complete-vpc/main.tf","StartLine":335,"EndLine":347}},{"address":"aws_route_table.intra","mode":"managed","type":"aws_route_table","name":"intra","provider_config_key":"vpc:aws","expressions":{"tags":{"references":["var.name","var.intra_subnet_suffix","var.tags","var.intra_route_table_tags"]},"vpc_id":{"references":["local.vpc_id"]}},"schema_version":0,"count_expression":{"references":["var.create_vpc","var.intra_subnets"]},"raw_data":{"FileName":".terraform/modules/vpc_example_complete-vpc/main.tf","StartLine":353,"EndLine":365}},{"address":"aws_route_table.private","mode":"managed","type":"aws_route_table","name":"private","provider_config_key":"vpc:aws","expressions":{"tags":{"references":["var.single_nat_gateway","var.name","var.private_subnet_suffix","var.private_subnet_suffix","var.name","var.azs","count.index","var.tags","var.private_route_table_tags"]},"vpc_id":{"references":["local.vpc_id"]}},"schema_version":0,"count_expression":{"references":["var.create_vpc","local.max_subnet_length","local.nat_gateway_count"]},"raw_data":{"FileName":".terraform/modules/vpc_example_complete-vpc/main.tf","StartLine":237,"EndLine":253}},{"address":"aws_route_table.public","mode":"managed","type":"aws_route_table","name":"public","provider_config_key":"vpc:aws","expressions":{"tags":{"references":["var.public_subnet_suffix","var.name","var.tags","var.public_route_table_tags"]},"vpc_id":{"references":["local.vpc_id"]}},"schema_version":0,"count_expression":{"references":["var.create_vpc","var.public_subnets"]},"raw_data":{"FileName":".terraform/modules/vpc_example_complete-vpc/main.tf","StartLine":198,"EndLine":210}},{"address":"aws_route_table.redshift","mode":"managed","type":"aws_route_table","name":"redshift","provider_config_key":"vpc:aws","expressions":{"tags":{"references":["var.name","var.redshift_subnet_suffix","var.tags","var.redshift_route_table_tags"]},"vpc_id":{"references":["local.vpc_id"]}},"schema_version":0,"count_expression":{"references":["var.create_vpc","var.create_redshift_subnet_route_table","var.redshift_subnets"]},"raw_data":{"FileName":".terraform/modules/vpc_example_complete-vpc/main.tf","StartLine":317,"EndLine":329}},{"address":"aws_route_table_association.database","mode":"managed","type":"aws_route_table_association","name":"database","provider_config_key":"vpc:aws","expressions":{"route_table_id":{"references":["aws_route_table.database","aws_route_table.private","var.create_database_subnet_route_table","var.single_nat_gateway","var.create_database_internet_gateway_route","count.index","count.index"]},"subnet_id":{"references":["aws_subnet.database","count.index"]}},"schema_version":0,"count_expression":{"references":["var.create_vpc","var.database_subnets","var.database_subnets"]},"raw_data":{"FileName":".terraform/modules/vpc_example_complete-vpc/main.tf","StartLine":1154,"EndLine":1162}},{"address":"aws_route_table_association.elasticache","mode":"managed","type":"aws_route_table_association","name":"elasticache","provider_config_key":"vpc:aws","expressions":{"route_table_id":{"references":["aws_route_table.elasticache","aws_route_table.private","var.single_nat_gateway","var.create_elasticache_subnet_route_table","count.index"]},"subnet_id":{"references":["aws_subnet.elasticache","count.index"]}},"schema_version":0,"count_expression":{"references":["var.create_vpc","var.elasticache_subnets","var.elasticache_subnets"]},"raw_data":{"FileName":".terraform/modules/vpc_example_complete-vpc/main.tf","StartLine":1184,"EndLine":1195}},{"address":"aws_route_table_association.intra","mode":"managed","type":"aws_route_table_association","name":"intra","provider_config_key":"vpc:aws","expressions":{"route_table_id":{"references":["aws_route_table.intra"]},"subnet_id":{"references":["aws_subnet.intra","count.index"]}},"schema_version":0,"count_expression":{"references":["var.create_vpc","var.intra_subnets","var.intra_subnets"]},"raw_data":{"FileName":".terraform/modules/vpc_example_complete-vpc/main.tf","StartLine":1197,"EndLine":1202}},{"address":"aws_route_table_association.outpost","mode":"managed","type":"aws_route_table_association","name":"outpost","provider_config_key":"vpc:aws","expressions":{"route_table_id":{"references":["aws_route_table.private","var.single_nat_gateway","count.index"]},"subnet_id":{"references":["aws_subnet.outpost","count.index"]}},"schema_version":0,"count_expression":{"references":["var.create_vpc","var.outpost_subnets","var.outpost_subnets"]},"raw_data":{"FileName":".terraform/modules/vpc_example_complete-vpc/main.tf","StartLine":1144,"EndLine":1152}},{"address":"aws_route_table_association.private","mode":"managed","type":"aws_route_table_association","name":"private","provider_config_key":"vpc:aws","expressions":{"route_table_id":{"references":["aws_route_table.private","var.single_nat_gateway","count.index"]},"subnet_id":{"references":["aws_subnet.private","count.index"]}},"schema_version":0,"count_expression":{"references":["var.create_vpc","var.private_subnets","var.private_subnets"]},"raw_data":{"FileName":".terraform/modules/vpc_example_complete-vpc/main.tf","StartLine":1134,"EndLine":1142}},{"address":"aws_route_table_association.public","mode":"managed","type":"aws_route_table_association","name":"public","provider_config_key":"vpc:aws","expressions":{"route_table_id":{"references":["aws_route_table.public[0]"]},"subnet_id":{"references":["aws_subnet.public","count.index"]}},"schema_version":0,"count_expression":{"references":["var.create_vpc","var.public_subnets","var.public_subnets"]},"raw_data":{"FileName":".terraform/modules/vpc_example_complete-vpc/main.tf","StartLine":1204,"EndLine":1209}},{"address":"aws_route_table_association.redshift","mode":"managed","type":"aws_route_table_association","name":"redshift","provider_config_key":"vpc:aws","expressions":{"route_table_id":{"references":["aws_route_table.redshift","aws_route_table.private","var.single_nat_gateway","var.create_redshift_subnet_route_table","count.index"]},"subnet_id":{"references":["aws_subnet.redshift","count.index"]}},"schema_version":0,"count_expression":{"references":["var.create_vpc","var.redshift_subnets","var.enable_public_redshift","var.redshift_subnets"]},"raw_data":{"FileName":".terraform/modules/vpc_example_complete-vpc/main.tf","StartLine":1164,"EndLine":1172}},{"address":"aws_route_table_association.redshift_public","mode":"managed","type":"aws_route_table_association","name":"redshift_public","provider_config_key":"vpc:aws","expressions":{"route_table_id":{"references":["aws_route_table.redshift","aws_route_table.public","var.single_nat_gateway","var.create_redshift_subnet_route_table","count.index"]},"subnet_id":{"references":["aws_subnet.redshift","count.index"]}},"schema_version":0,"count_expression":{"references":["var.create_vpc","var.redshift_subnets","var.enable_public_redshift","var.redshift_subnets"]},"raw_data":{"FileName":".terraform/modules/vpc_example_complete-vpc/main.tf","StartLine":1174,"EndLine":1182}},{"address":"aws_subnet.database","mode":"managed","type":"aws_subnet","name":"database","provider_config_key":"vpc:aws","expressions":{"assign_ipv6_address_on_creation":{"references":["var.database_subnet_assign_ipv6_address_on_creation","var.assign_ipv6_address_on_creation","var.database_subnet_assign_ipv6_address_on_creation"]},"availability_zone":{"references":["var.azs","count.index","var.azs","count.index"]},"availability_zone_id":{"references":["var.azs","count.index","var.azs","count.index"]},"cidr_block":{"references":["var.database_subnets","count.index"]},"ipv6_cidr_block":{"references":["var.enable_ipv6","var.database_subnet_ipv6_prefixes","aws_vpc.this[0]","var.database_subnet_ipv6_prefixes","count.index"]},"tags":{"references":["var.database_subnet_suffix","var.name","var.azs","count.index","var.tags","var.database_subnet_tags"]},"vpc_id":{"references":["local.vpc_id"]}},"schema_version":1,"count_expression":{"references":["var.create_vpc","var.database_subnets","var.database_subnets"]},"raw_data":{"FileName":".terraform/modules/vpc_example_complete-vpc/main.tf","StartLine":457,"EndLine":479}},{"address":"aws_subnet.elasticache","mode":"managed","type":"aws_subnet","name":"elasticache","provider_config_key":"vpc:aws","expressions":{"assign_ipv6_address_on_creation":{"references":["var.elasticache_subnet_assign_ipv6_address_on_creation","var.assign_ipv6_address_on_creation","var.elasticache_subnet_assign_ipv6_address_on_creation"]},"availability_zone":{"references":["var.azs","count.index","var.azs","count.index"]},"availability_zone_id":{"references":["var.azs","count.index","var.azs","count.index"]},"cidr_block":{"references":["var.elasticache_subnets","count.index"]},"ipv6_cidr_block":{"references":["var.enable_ipv6","var.elasticache_subnet_ipv6_prefixes","aws_vpc.this[0]","var.elasticache_subnet_ipv6_prefixes","count.index"]},"tags":{"references":["var.elasticache_subnet_suffix","var.name","var.azs","count.index","var.tags","var.elasticache_subnet_tags"]},"vpc_id":{"references":["local.vpc_id"]}},"schema_version":1,"count_expression":{"references":["var.create_vpc","var.elasticache_subnets","var.elasticache_subnets"]},"raw_data":{"FileName":".terraform/modules/vpc_example_complete-vpc/main.tf","StartLine":545,"EndLine":567}},{"address":"aws_subnet.intra","mode":"managed","type":"aws_subnet","name":"intra","provider_config_key":"vpc:aws","expressions":{"assign_ipv6_address_on_creation":{"references":["var.intra_subnet_assign_ipv6_address_on_creation","var.assign_ipv6_address_on_creation","var.intra_subnet_assign_ipv6_address_on_creation"]},"availability_zone":{"references":["var.azs","count.index","var.azs","count.index"]},"availability_zone_id":{"references":["var.azs","count.index","var.azs","count.index"]},"cidr_block":{"references":["var.intra_subnets","count.index"]},"ipv6_cidr_block":{"references":["var.enable_ipv6","var.intra_subnet_ipv6_prefixes","aws_vpc.this[0]","var.intra_subnet_ipv6_prefixes","count.index"]},"tags":{"references":["var.intra_subnet_suffix","var.name","var.azs","count.index","var.tags","var.intra_subnet_tags"]},"vpc_id":{"references":["local.vpc_id"]}},"schema_version":1,"count_expression":{"references":["var.create_vpc","var.intra_subnets","var.intra_subnets"]},"raw_data":{"FileName":".terraform/modules/vpc_example_complete-vpc/main.tf","StartLine":581,"EndLine":603}},{"address":"aws_subnet.outpost","mode":"managed","type":"aws_subnet","name":"outpost","provider_config_key":"vpc:aws","expressions":{"assign_ipv6_address_on_creation":{"references":["var.outpost_subnet_assign_ipv6_address_on_creation","var.assign_ipv6_address_on_creation","var.outpost_subnet_assign_ipv6_address_on_creation"]},"availability_zone":{"references":["var.outpost_az"]},"cidr_block":{"references":["var.outpost_subnets","count.index"]},"ipv6_cidr_block":{"references":["var.enable_ipv6","var.outpost_subnet_ipv6_prefixes","aws_vpc.this[0]","var.outpost_subnet_ipv6_prefixes","count.index"]},"outpost_arn":{"references":["var.outpost_arn"]},"tags":{"references":["var.outpost_subnet_suffix","var.name","var.outpost_az","var.tags","var.outpost_subnet_tags"]},"vpc_id":{"references":["local.vpc_id"]}},"schema_version":1,"count_expression":{"references":["var.create_vpc","var.outpost_subnets","var.outpost_subnets"]},"raw_data":{"FileName":".terraform/modules/vpc_example_complete-vpc/main.tf","StartLine":428,"EndLine":451}},{"address":"aws_subnet.private","mode":"managed","type":"aws_subnet","name":"private","provider_config_key":"vpc:aws","expressions":{"assign_ipv6_address_on_creation":{"references":["var.private_subnet_assign_ipv6_address_on_creation","var.assign_ipv6_address_on_creation","var.private_subnet_assign_ipv6_address_on_creation"]},"availability_zone":{"references":["var.azs","count.index","var.azs","count.index"]},"availability_zone_id":{"references":["var.azs","count.index","var.azs","count.index"]},"cidr_block":{"references":["var.private_subnets","count.index"]},"ipv6_cidr_block":{"references":["var.enable_ipv6","var.private_subnet_ipv6_prefixes","aws_vpc.this[0]","var.private_subnet_ipv6_prefixes","count.index"]},"tags":{"references":["var.private_subnet_suffix","var.name","var.azs","count.index","var.tags","var.private_subnet_tags"]},"vpc_id":{"references":["local.vpc_id"]}},"schema_version":1,"count_expression":{"references":["var.create_vpc","var.private_subnets","var.private_subnets"]},"raw_data":{"FileName":".terraform/modules/vpc_example_complete-vpc/main.tf","StartLine":400,"EndLine":422}},{"address":"aws_subnet.public","mode":"managed","type":"aws_subnet","name":"public","provider_config_key":"vpc:aws","expressions":{"assign_ipv6_address_on_creation":{"references":["var.public_subnet_assign_ipv6_address_on_creation","var.assign_ipv6_address_on_creation","var.public_subnet_assign_ipv6_address_on_creation"]},"availability_zone":{"references":["var.azs","count.index","var.azs","count.index"]},"availability_zone_id":{"references":["var.azs","count.index","var.azs","count.index"]},"cidr_block":{"references":["var.public_subnets","count.index"]},"ipv6_cidr_block":{"references":["var.enable_ipv6","var.public_subnet_ipv6_prefixes","aws_vpc.this[0]","var.public_subnet_ipv6_prefixes","count.index"]},"map_public_ip_on_launch":{"references":["var.map_public_ip_on_launch"]},"tags":{"references":["var.public_subnet_suffix","var.name","var.azs","count.index","var.tags","var.public_subnet_tags"]},"vpc_id":{"references":["local.vpc_id"]}},"schema_version":1,"count_expression":{"references":["var.create_vpc","var.public_subnets","var.one_nat_gateway_per_az","var.public_subnets","var.azs","var.public_subnets"]},"raw_data":{"FileName":".terraform/modules/vpc_example_complete-vpc/main.tf","StartLine":371,"EndLine":394}},{"address":"aws_subnet.redshift","mode":"managed","type":"aws_subnet","name":"redshift","provider_config_key":"vpc:aws","expressions":{"assign_ipv6_address_on_creation":{"references":["var.redshift_subnet_assign_ipv6_address_on_creation","var.assign_ipv6_address_on_creation","var.redshift_subnet_assign_ipv6_address_on_creation"]},"availability_zone":{"references":["var.azs","count.index","var.azs","count.index"]},"availability_zone_id":{"references":["var.azs","count.index","var.azs","count.index"]},"cidr_block":{"references":["var.redshift_subnets","count.index"]},"ipv6_cidr_block":{"references":["var.enable_ipv6","var.redshift_subnet_ipv6_prefixes","aws_vpc.this[0]","var.redshift_subnet_ipv6_prefixes","count.index"]},"tags":{"references":["var.redshift_subnet_suffix","var.name","var.azs","count.index","var.tags","var.redshift_subnet_tags"]},"vpc_id":{"references":["local.vpc_id"]}},"schema_version":1,"count_expression":{"references":["var.create_vpc","var.redshift_subnets","var.redshift_subnets"]},"raw_data":{"FileName":".terraform/modules/vpc_example_complete-vpc/main.tf","StartLine":501,"EndLine":523}},{"address":"aws_vpc.this","mode":"managed","type":"aws_vpc","name":"this","provider_config_key":"vpc:aws","expressions":{"assign_generated_ipv6_cidr_block":{"references":["var.enable_ipv6"]},"cidr_block":{"references":["var.cidr"]},"enable_classiclink":{"references":["var.enable_classiclink"]},"enable_classiclink_dns_support":{"references":["var.enable_classiclink_dns_support"]},"enable_dns_hostnames":{"references":["var.enable_dns_hostnames"]},"enable_dns_support":{"references":["var.enable_dns_support"]},"instance_tenancy":{"references":["var.instance_tenancy"]},"tags":{"references":["var.name","var.tags","var.vpc_tags"]}},"schema_version":1,"count_expression":{"references":["var.create_vpc"]},"raw_data":{"FileName":".terraform/modules/vpc_example_complete-vpc/main.tf","StartLine":25,"EndLine":43}},{"address":"aws_vpc_dhcp_options.this","mode":"managed","type":"aws_vpc_dhcp_options","name":"this","provider_config_key":"vpc:aws","expressions":{"domain_name":{"references":["var.dhcp_options_domain_name"]},"domain_name_servers":{"references":["var.dhcp_options_domain_name_servers"]},"netbios_name_servers":{"references":["var.dhcp_options_netbios_name_servers"]},"netbios_node_type":{"references":["var.dhcp_options_netbios_node_type"]},"ntp_servers":{"references":["var.dhcp_options_ntp_servers"]},"tags":{"references":["var.name","var.tags","var.dhcp_options_tags"]}},"schema_version":0,"count_expression":{"references":["var.create_vpc","var.enable_dhcp_options"]},"raw_data":{"FileName":".terraform/modules/vpc_example_complete-vpc/main.tf","StartLine":101,"EndLine":117}},{"address":"aws_vpc_dhcp_options_association.this","mode":"managed","type":"aws_vpc_dhcp_options_association","name":"this","provider_config_key":"vpc:aws","expressions":{"dhcp_options_id":{"references":["aws_vpc_dhcp_options.this[0]"]},"vpc_id":{"references":["local.vpc_id"]}},"schema_version":0,"count_expression":{"references":["var.create_vpc","var.enable_dhcp_options"]},"raw_data":{"FileName":".terraform/modules/vpc_example_complete-vpc/main.tf","StartLine":119,"EndLine":124}},{"address":"aws_vpc_ipv4_cidr_block_association.this","mode":"managed","type":"aws_vpc_ipv4_cidr_block_association","name":"this","provider_config_key":"vpc:aws","expressions":{"cidr_block":{"references":["var.secondary_cidr_blocks","count.index"]},"vpc_id":{"references":["aws_vpc.this[0]"]}},"schema_version":0,"count_expression":{"references":["var.create_vpc","var.secondary_cidr_blocks","var.secondary_cidr_blocks"]},"raw_data":{"FileName":".terraform/modules/vpc_example_complete-vpc/main.tf","StartLine":45,"EndLine":51}},{"address":"aws_vpn_gateway.this","mode":"managed","type":"aws_vpn_gateway","name":"this","provider_config_key":"vpc:aws","expressions":{"amazon_side_asn":{"references":["var.amazon_side_asn"]},"availability_zone":{"references":["var.vpn_gateway_az"]},"tags":{"references":["var.name","var.tags","var.vpn_gateway_tags"]},"vpc_id":{"references":["local.vpc_id"]}},"schema_version":0,"count_expression":{"references":["var.create_vpc","var.enable_vpn_gateway"]},"raw_data":{"FileName":".terraform/modules/vpc_example_complete-vpc/main.tf","StartLine":1235,"EndLine":1249}},{"address":"aws_vpn_gateway_attachment.this","mode":"managed","type":"aws_vpn_gateway_attachment","name":"this","provider_config_key":"vpc:aws","expressions":{"vpc_id":{"references":["local.vpc_id"]},"vpn_gateway_id":{"references":["var.vpn_gateway_id"]}},"schema_version":0,"count_expression":{"references":["var.vpn_gateway_id"]},"raw_data":{"FileName":".terraform/modules/vpc_example_complete-vpc/main.tf","StartLine":1251,"EndLine":1256}},{"address":"aws_vpn_gateway_route_propagation.intra","mode":"managed","type":"aws_vpn_gateway_route_propagation","name":"intra","provider_config_key":"vpc:aws","expressions":{"route_table_id":{"references":["aws_route_table.intra","count.index"]},"vpn_gateway_id":{"references":["aws_vpn_gateway.this","aws_vpn_gateway_attachment.this","count.index"]}},"schema_version":0,"count_expression":{"references":["var.create_vpc","var.propagate_intra_route_tables_vgw","var.enable_vpn_gateway","var.vpn_gateway_id","var.intra_subnets"]},"raw_data":{"FileName":".terraform/modules/vpc_example_complete-vpc/main.tf","StartLine":1284,"EndLine":1295}},{"address":"aws_vpn_gateway_route_propagation.private","mode":"managed","type":"aws_vpn_gateway_route_propagation","name":"private","provider_config_key":"vpc:aws","expressions":{"route_table_id":{"references":["aws_route_table.private","count.index"]},"vpn_gateway_id":{"references":["aws_vpn_gateway.this","aws_vpn_gateway_attachment.this","count.index"]}},"schema_version":0,"count_expression":{"references":["var.create_vpc","var.propagate_private_route_tables_vgw","var.enable_vpn_gateway","var.vpn_gateway_id","var.private_subnets"]},"raw_data":{"FileName":".terraform/modules/vpc_example_complete-vpc/main.tf","StartLine":1271,"EndLine":1282}},{"address":"aws_vpn_gateway_route_propagation.public","mode":"managed","type":"aws_vpn_gateway_route_propagation","name":"public","provider_config_key":"vpc:aws","expressions":{"route_table_id":{"references":["aws_route_table.public","count.index"]},"vpn_gateway_id":{"references":["aws_vpn_gateway.this","aws_vpn_gateway_attachment.this","count.index"]}},"schema_version":0,"count_expression":{"references":["var.create_vpc","var.propagate_public_route_tables_vgw","var.enable_vpn_gateway","var.vpn_gateway_id"]},"raw_data":{"FileName":".terraform/modules/vpc_example_complete-vpc/main.tf","StartLine":1258,"EndLine":1269}},{"address":"data.aws_iam_policy_document.flow_log_cloudwatch_assume_role","mode":"data","type":"aws_iam_policy_document","name":"flow_log_cloudwatch_assume_role","provider_config_key":"vpc:aws","expressions":{"statement":[{"actions":{"constant_value":["sts:AssumeRole"]},"effect":{"constant_value":"Allow"},"principals":[{"identifiers":{"constant_value":["vpc-flow-logs.amazonaws.com"]},"type":{"constant_value":"Service"}}]}]},"schema_version":0,"count_expression":{"references":["local.create_flow_log_cloudwatch_iam_role"]},"raw_data":{"FileName":".terraform/modules/vpc_example_complete-vpc/vpc-flow-logs.tf","StartLine":54,"EndLine":67}},{"address":"data.aws_iam_policy_document.vpc_flow_log_cloudwatch","mode":"data","type":"aws_iam_policy_document","name":"vpc_flow_log_cloudwatch","provider_config_key":"vpc:aws","expressions":{"statement":[{"actions":{"constant_value":["logs:CreateLogStream","logs:PutLogEvents","logs:DescribeLogGroups","logs:DescribeLogStreams"]},"effect":{"constant_value":"Allow"},"resources":{"constant_value":["*"]},"sid":{"constant_value":"AWSVPCFlowLogsPushToCloudWatch"}}]},"schema_version":0,"count_expression":{"references":["local.create_flow_log_cloudwatch_iam_role"]},"raw_data":{"FileName":".terraform/modules/vpc_example_complete-vpc/vpc-flow-logs.tf","StartLine":83,"EndLine":100}}],"variables":{"amazon_side_asn":{"default":"64512","description":"The Autonomous System Number (ASN) for the Amazon side of the gateway. By default the virtual private gateway is created with the current default Amazon ASN."},"assign_ipv6_address_on_creation":{"default":false,"description":"Assign IPv6 address on subnet, must be disabled to change IPv6 CIDRs. This is the IPv6 equivalent of map_public_ip_on_launch"},"azs":{"default":[],"description":"A list of availability zones names or ids in the region"},"cidr":{"default":"0.0.0.0/0","description":"The CIDR block for the VPC. Default value is a valid CIDR, but not acceptable by AWS and should be overridden"},"create_database_internet_gateway_route":{"default":false,"description":"Controls if an internet gateway route for public database access should be created"},"create_database_nat_gateway_route":{"default":false,"description":"Controls if a nat gateway route should be created to give internet access to the database subnets"},"create_database_subnet_group":{"default":true,"description":"Controls if database subnet group should be created (n.b. database_subnets must also be set)"},"create_database_subnet_route_table":{"default":false,"description":"Controls if separate route table for database should be created"},"create_egress_only_igw":{"default":true,"description":"Controls if an Egress Only Internet Gateway is created and its related routes."},"create_elasticache_subnet_group":{"default":true,"description":"Controls if elasticache subnet group should be created"},"create_elasticache_subnet_route_table":{"default":false,"description":"Controls if separate route table for elasticache should be created"},"create_flow_log_cloudwatch_iam_role":{"default":false,"description":"Whether to create IAM role for VPC Flow Logs"},"create_flow_log_cloudwatch_log_group":{"default":false,"description":"Whether to create CloudWatch log group for VPC Flow Logs"},"create_igw":{"default":true,"description":"Controls if an Internet Gateway is created for public subnets and the related routes that connect them."},"create_redshift_subnet_group":{"default":true,"description":"Controls if redshift subnet group should be created"},"create_redshift_subnet_route_table":{"default":false,"description":"Controls if separate route table for redshift should be created"},"create_vpc":{"default":true,"description":"Controls if VPC should be created (it affects almost all resources)"},"customer_gateway_tags":{"default":{},"description":"Additional tags for the Customer Gateway"},"customer_gateways":{"default":{},"description":"Maps of Customer Gateway's attributes (BGP ASN and Gateway's Internet-routable external IP address)"},"database_acl_tags":{"default":{},"description":"Additional tags for the database subnets network ACL"},"database_dedicated_network_acl":{"default":false,"description":"Whether to use dedicated network ACL (not default) and custom rules for database subnets"},"database_inbound_acl_rules":{"default":[{"cidr_block":"0.0.0.0/0","from_port":"0","protocol":"-1","rule_action":"allow","rule_number":"100","to_port":"0"}],"description":"Database subnets inbound network ACL rules"},"database_outbound_acl_rules":{"default":[{"cidr_block":"0.0.0.0/0","from_port":"0","protocol":"-1","rule_action":"allow","rule_number":"100","to_port":"0"}],"description":"Database subnets outbound network ACL rules"},"database_route_table_tags":{"default":{},"description":"Additional tags for the database route tables"},"database_subnet_assign_ipv6_address_on_creation":{"default":null,"description":"Assign IPv6 address on database subnet, must be disabled to change IPv6 CIDRs. This is the IPv6 equivalent of map_public_ip_on_launch"},"database_subnet_group_name":{"default":null,"description":"Name of database subnet group"},"database_subnet_group_tags":{"default":{},"description":"Additional tags for the database subnet group"},"database_subnet_ipv6_prefixes":{"default":[],"description":"Assigns IPv6 database subnet id based on the Amazon provided /56 prefix base 10 integer (0-256). Must be of equal length to the corresponding IPv4 subnet list"},"database_subnet_suffix":{"default":"db","description":"Suffix to append to database subnets name"},"database_subnet_tags":{"default":{},"description":"Additional tags for the database subnets"},"database_subnets":{"default":[],"description":"A list of database subnets"},"default_network_acl_egress":{"default":[{"action":"allow","cidr_block":"0.0.0.0/0","from_port":"0","protocol":"-1","rule_no":"100","to_port":"0"},{"action":"allow","from_port":"0","ipv6_cidr_block":"::/0","protocol":"-1","rule_no":"101","to_port":"0"}],"description":"List of maps of egress rules to set on the Default Network ACL"},"default_network_acl_ingress":{"default":[{"action":"allow","cidr_block":"0.0.0.0/0","from_port":"0","protocol":"-1","rule_no":"100","to_port":"0"},{"action":"allow","from_port":"0","ipv6_cidr_block":"::/0","protocol":"-1","rule_no":"101","to_port":"0"}],"description":"List of maps of ingress rules to set on the Default Network ACL"},"default_network_acl_name":{"default":"","description":"Name to be used on the Default Network ACL"},"default_network_acl_tags":{"default":{},"description":"Additional tags for the Default Network ACL"},"default_route_table_propagating_vgws":{"default":[],"description":"List of virtual gateways for propagation"},"default_route_table_routes":{"default":[],"description":"Configuration block of routes. See https://registry.terraform.io/providers/hashicorp/aws/latest/docs/resources/default_route_table#route"},"default_route_table_tags":{"default":{},"description":"Additional tags for the default route table"},"default_security_group_egress":{"default":null,"description":"List of maps of egress rules to set on the default security group"},"default_security_group_ingress":{"default":null,"description":"List of maps of ingress rules to set on the default security group"},"default_security_group_name":{"default":"default","description":"Name to be used on the default security group"},"default_security_group_tags":{"default":{},"description":"Additional tags for the default security group"},"default_vpc_enable_classiclink":{"default":false,"description":"Should be true to enable ClassicLink in the Default VPC"},"default_vpc_enable_dns_hostnames":{"default":false,"description":"Should be true to enable DNS hostnames in the Default VPC"},"default_vpc_enable_dns_support":{"default":true,"description":"Should be true to enable DNS support in the Default VPC"},"default_vpc_name":{"default":"","description":"Name to be used on the Default VPC"},"default_vpc_tags":{"default":{},"description":"Additional tags for the Default VPC"},"dhcp_options_domain_name":{"default":"","description":"Specifies DNS name for DHCP options set (requires enable_dhcp_options set to true)"},"dhcp_options_domain_name_servers":{"default":["AmazonProvidedDNS"],"description":"Specify a list of DNS server addresses for DHCP options set, default to AWS provided (requires enable_dhcp_options set to true)"},"dhcp_options_netbios_name_servers":{"default":[],"description":"Specify a list of netbios servers for DHCP options set (requires enable_dhcp_options set to true)"},"dhcp_options_netbios_node_type":{"default":"","description":"Specify netbios node_type for DHCP options set (requires enable_dhcp_options set to true)"},"dhcp_options_ntp_servers":{"default":[],"description":"Specify a list of NTP servers for DHCP options set (requires enable_dhcp_options set to true)"},"dhcp_options_tags":{"default":{},"description":"Additional tags for the DHCP option set (requires enable_dhcp_options set to true)"},"elasticache_acl_tags":{"default":{},"description":"Additional tags for the elasticache subnets network ACL"},"elasticache_dedicated_network_acl":{"default":false,"description":"Whether to use dedicated network ACL (not default) and custom rules for elasticache subnets"},"elasticache_inbound_acl_rules":{"default":[{"cidr_block":"0.0.0.0/0","from_port":"0","protocol":"-1","rule_action":"allow","rule_number":"100","to_port":"0"}],"description":"Elasticache subnets inbound network ACL rules"},"elasticache_outbound_acl_rules":{"default":[{"cidr_block":"0.0.0.0/0","from_port":"0","protocol":"-1","rule_action":"allow","rule_number":"100","to_port":"0"}],"description":"Elasticache subnets outbound network ACL rules"},"elasticache_route_table_tags":{"default":{},"description":"Additional tags for the elasticache route tables"},"elasticache_subnet_assign_ipv6_address_on_creation":{"default":null,"description":"Assign IPv6 address on elasticache subnet, must be disabled to change IPv6 CIDRs. This is the IPv6 equivalent of map_public_ip_on_launch"},"elasticache_subnet_ipv6_prefixes":{"default":[],"description":"Assigns IPv6 elasticache subnet id based on the Amazon provided /56 prefix base 10 integer (0-256). Must be of equal length to the corresponding IPv4 subnet list"},"elasticache_subnet_suffix":{"default":"elasticache","description":"Suffix to append to elasticache subnets name"},"elasticache_subnet_tags":{"default":{},"description":"Additional tags for the elasticache subnets"},"elasticache_subnets":{"default":[],"description":"A list of elasticache subnets"},"enable_classiclink":{"default":null,"description":"Should be true to enable ClassicLink for the VPC. Only valid in regions and accounts that support EC2 Classic."},"enable_classiclink_dns_support":{"default":null,"description":"Should be true to enable ClassicLink DNS Support for the VPC. Only valid in regions and accounts that support EC2 Classic."},"enable_dhcp_options":{"default":false,"description":"Should be true if you want to specify a DHCP options set with a custom domain name, DNS servers, NTP servers, netbios servers, and/or netbios server type"},"enable_dns_hostnames":{"default":false,"description":"Should be true to enable DNS hostnames in the VPC"},"enable_dns_support":{"default":true,"description":"Should be true to enable DNS support in the VPC"},"enable_flow_log":{"default":false,"description":"Whether or not to enable VPC Flow Logs"},"enable_ipv6":{"default":false,"description":"Requests an Amazon-provided IPv6 CIDR block with a /56 prefix length for the VPC. You cannot specify the range of IP addresses, or the size of the CIDR block."},"enable_nat_gateway":{"default":false,"description":"Should be true if you want to provision NAT Gateways for each of your private networks"},"enable_public_redshift":{"default":false,"description":"Controls if redshift should have public routing table"},"enable_vpn_gateway":{"default":false,"description":"Should be true if you want to create a new VPN Gateway resource and attach it to the VPC"},"external_nat_ip_ids":{"default":[],"description":"List of EIP IDs to be assigned to the NAT Gateways (used in combination with reuse_nat_ips)"},"external_nat_ips":{"default":[],"description":"List of EIPs to be used for `nat_public_ips` output (used in combination with reuse_nat_ips and external_nat_ip_ids)"},"flow_log_cloudwatch_iam_role_arn":{"default":"","description":"The ARN for the IAM role that's used to post flow logs to a CloudWatch Logs log group. When flow_log_destination_arn is set to ARN of Cloudwatch Logs, this argument needs to be provided."},"flow_log_cloudwatch_log_group_kms_key_id":{"default":null,"description":"The ARN of the KMS Key to use when encrypting log data for VPC flow logs."},"flow_log_cloudwatch_log_group_name_prefix":{"default":"/aws/vpc-flow-log/","description":"Specifies the name prefix of CloudWatch Log Group for VPC flow logs."},"flow_log_cloudwatch_log_group_retention_in_days":{"default":null,"description":"Specifies the number of days you want to retain log events in the specified log group for VPC flow logs."},"flow_log_destination_arn":{"default":"","description":"The ARN of the CloudWatch log group or S3 bucket where VPC Flow Logs will be pushed. If this ARN is a S3 bucket the appropriate permissions need to be set on that bucket's policy. When create_flow_log_cloudwatch_log_group is set to false this argument must be provided."},"flow_log_destination_type":{"default":"cloud-watch-logs","description":"Type of flow log destination. Can be s3 or cloud-watch-logs."},"flow_log_log_format":{"default":null,"description":"The fields to include in the flow log record, in the order in which they should appear."},"flow_log_max_aggregation_interval":{"default":600,"description":"The maximum interval of time during which a flow of packets is captured and aggregated into a flow log record. Valid Values: `60` seconds or `600` seconds."},"flow_log_traffic_type":{"default":"ALL","description":"The type of traffic to capture. Valid values: ACCEPT, REJECT, ALL."},"igw_tags":{"default":{},"description":"Additional tags for the internet gateway"},"instance_tenancy":{"default":"default","description":"A tenancy option for instances launched into the VPC"},"intra_acl_tags":{"default":{},"description":"Additional tags for the intra subnets network ACL"},"intra_dedicated_network_acl":{"default":false,"description":"Whether to use dedicated network ACL (not default) and custom rules for intra subnets"},"intra_inbound_acl_rules":{"default":[{"cidr_block":"0.0.0.0/0","from_port":"0","protocol":"-1","rule_action":"allow","rule_number":"100","to_port":"0"}],"description":"Intra subnets inbound network ACLs"},"intra_outbound_acl_rules":{"default":[{"cidr_block":"0.0.0.0/0","from_port":"0","protocol":"-1","rule_action":"allow","rule_number":"100","to_port":"0"}],"description":"Intra subnets outbound network ACLs"},"intra_route_table_tags":{"default":{},"description":"Additional tags for the intra route tables"},"intra_subnet_assign_ipv6_address_on_creation":{"default":null,"description":"Assign IPv6 address on intra subnet, must be disabled to change IPv6 CIDRs. This is the IPv6 equivalent of map_public_ip_on_launch"},"intra_subnet_ipv6_prefixes":{"default":[],"description":"Assigns IPv6 intra subnet id based on the Amazon provided /56 prefix base 10 integer (0-256). Must be of equal length to the corresponding IPv4 subnet list"},"intra_subnet_suffix":{"default":"intra","description":"Suffix to append to intra subnets name"},"intra_subnet_tags":{"default":{},"description":"Additional tags for the intra subnets"},"intra_subnets":{"default":[],"description":"A list of intra subnets"},"manage_default_network_acl":{"default":false,"description":"Should be true to adopt and manage Default Network ACL"},"manage_default_route_table":{"default":false,"description":"Should be true to manage default route table"},"manage_default_security_group":{"default":false,"description":"Should be true to adopt and manage default security group"},"manage_default_vpc":{"default":false,"description":"Should be true to adopt and manage Default VPC"},"map_public_ip_on_launch":{"default":true,"description":"Should be false if you do not want to auto-assign public IP on launch"},"name":{"default":"","description":"Name to be used on all the resources as identifier"},"nat_eip_tags":{"default":{},"description":"Additional tags for the NAT EIP"},"nat_gateway_tags":{"default":{},"description":"Additional tags for the NAT gateways"},"one_nat_gateway_per_az":{"default":false,"description":"Should be true if you want only one NAT Gateway per availability zone. Requires `var.azs` to be set, and the number of `public_subnets` created to be greater than or equal to the number of availability zones specified in `var.azs`."},"outpost_acl_tags":{"default":{},"description":"Additional tags for the outpost subnets network ACL"},"outpost_arn":{"default":null,"description":"ARN of Outpost you want to create a subnet in."},"outpost_az":{"default":null,"description":"AZ where Outpost is anchored."},"outpost_dedicated_network_acl":{"default":false,"description":"Whether to use dedicated network ACL (not default) and custom rules for outpost subnets"},"outpost_inbound_acl_rules":{"default":[{"cidr_block":"0.0.0.0/0","from_port":"0","protocol":"-1","rule_action":"allow","rule_number":"100","to_port":"0"}],"description":"Outpost subnets inbound network ACLs"},"outpost_outbound_acl_rules":{"default":[{"cidr_block":"0.0.0.0/0","from_port":"0","protocol":"-1","rule_action":"allow","rule_number":"100","to_port":"0"}],"description":"Outpost subnets outbound network ACLs"},"outpost_subnet_assign_ipv6_address_on_creation":{"default":null,"description":"Assign IPv6 address on outpost subnet, must be disabled to change IPv6 CIDRs. This is the IPv6 equivalent of map_public_ip_on_launch"},"outpost_subnet_ipv6_prefixes":{"default":[],"description":"Assigns IPv6 outpost subnet id based on the Amazon provided /56 prefix base 10 integer (0-256). Must be of equal length to the corresponding IPv4 subnet list"},"outpost_subnet_suffix":{"default":"outpost","description":"Suffix to append to outpost subnets name"},"outpost_subnet_tags":{"default":{},"description":"Additional tags for the outpost subnets"},"outpost_subnets":{"default":[],"description":"A list of outpost subnets inside the VPC"},"private_acl_tags":{"default":{},"description":"Additional tags for the private subnets network ACL"},"private_dedicated_network_acl":{"default":false,"description":"Whether to use dedicated network ACL (not default) and custom rules for private subnets"},"private_inbound_acl_rules":{"default":[{"cidr_block":"0.0.0.0/0","from_port":"0","protocol":"-1","rule_action":"allow","rule_number":"100","to_port":"0"}],"description":"Private subnets inbound network ACLs"},"private_outbound_acl_rules":{"default":[{"cidr_block":"0.0.0.0/0","from_port":"0","protocol":"-1","rule_action":"allow","rule_number":"100","to_port":"0"}],"description":"Private subnets outbound network ACLs"},"private_route_table_tags":{"default":{},"description":"Additional tags for the private route tables"},"private_subnet_assign_ipv6_address_on_creation":{"default":null,"description":"Assign IPv6 address on private subnet, must be disabled to change IPv6 CIDRs. This is the IPv6 equivalent of map_public_ip_on_launch"},"private_subnet_ipv6_prefixes":{"default":[],"description":"Assigns IPv6 private subnet id based on the Amazon provided /56 prefix base 10 integer (0-256). Must be of equal length to the corresponding IPv4 subnet list"},"private_subnet_suffix":{"default":"private","description":"Suffix to append to private subnets name"},"private_subnet_tags":{"default":{},"description":"Additional tags for the private subnets"},"private_subnets":{"default":[],"description":"A list of private subnets inside the VPC"},"propagate_intra_route_tables_vgw":{"default":false,"description":"Should be true if you want route table propagation"},"propagate_private_route_tables_vgw":{"default":false,"description":"Should be true if you want route table propagation"},"propagate_public_route_tables_vgw":{"default":false,"description":"Should be true if you want route table propagation"},"public_acl_tags":{"default":{},"description":"Additional tags for the public subnets network ACL"},"public_dedicated_network_acl":{"default":false,"description":"Whether to use dedicated network ACL (not default) and custom rules for public subnets"},"public_inbound_acl_rules":{"default":[{"cidr_block":"0.0.0.0/0","from_port":"0","protocol":"-1","rule_action":"allow","rule_number":"100","to_port":"0"}],"description":"Public subnets inbound network ACLs"},"public_outbound_acl_rules":{"default":[{"cidr_block":"0.0.0.0/0","from_port":"0","protocol":"-1","rule_action":"allow","rule_number":"100","to_port":"0"}],"description":"Public subnets outbound network ACLs"},"public_route_table_tags":{"default":{},"description":"Additional tags for the public route tables"},"public_subnet_assign_ipv6_address_on_creation":{"default":null,"description":"Assign IPv6 address on public subnet, must be disabled to change IPv6 CIDRs. This is the IPv6 equivalent of map_public_ip_on_launch"},"public_subnet_ipv6_prefixes":{"default":[],"description":"Assigns IPv6 public subnet id based on the Amazon provided /56 prefix base 10 integer (0-256). Must be of equal length to the corresponding IPv4 subnet list"},"public_subnet_suffix":{"default":"public","description":"Suffix to append to public subnets name"},"public_subnet_tags":{"default":{},"description":"Additional tags for the public subnets"},"public_subnets":{"default":[],"description":"A list of public subnets inside the VPC"},"redshift_acl_tags":{"default":{},"description":"Additional tags for the redshift subnets network ACL"},"redshift_dedicated_network_acl":{"default":false,"description":"Whether to use dedicated network ACL (not default) and custom rules for redshift subnets"},"redshift_inbound_acl_rules":{"default":[{"cidr_block":"0.0.0.0/0","from_port":"0","protocol":"-1","rule_action":"allow","rule_number":"100","to_port":"0"}],"description":"Redshift subnets inbound network ACL rules"},"redshift_outbound_acl_rules":{"default":[{"cidr_block":"0.0.0.0/0","from_port":"0","protocol":"-1","rule_action":"allow","rule_number":"100","to_port":"0"}],"description":"Redshift subnets outbound network ACL rules"},"redshift_route_table_tags":{"default":{},"description":"Additional tags for the redshift route tables"},"redshift_subnet_assign_ipv6_address_on_creation":{"default":null,"description":"Assign IPv6 address on redshift subnet, must be disabled to change IPv6 CIDRs. This is the IPv6 equivalent of map_public_ip_on_launch"},"redshift_subnet_group_tags":{"default":{},"description":"Additional tags for the redshift subnet group"},"redshift_subnet_ipv6_prefixes":{"default":[],"description":"Assigns IPv6 redshift subnet id based on the Amazon provided /56 prefix base 10 integer (0-256). Must be of equal length to the corresponding IPv4 subnet list"},"redshift_subnet_suffix":{"default":"redshift","description":"Suffix to append to redshift subnets name"},"redshift_subnet_tags":{"default":{},"description":"Additional tags for the redshift subnets"},"redshift_subnets":{"default":[],"description":"A list of redshift subnets"},"reuse_nat_ips":{"default":false,"description":"Should be true if you don't want EIPs to be created for your NAT Gateways and will instead pass them in via the 'external_nat_ip_ids' variable"},"secondary_cidr_blocks":{"default":[],"description":"List of secondary CIDR blocks to associate with the VPC to extend the IP Address pool"},"single_nat_gateway":{"default":false,"description":"Should be true if you want to provision a single shared NAT Gateway across all of your private networks"},"tags":{"default":{},"description":"A map of tags to add to all resources"},"vpc_flow_log_permissions_boundary":{"default":null,"description":"The ARN of the Permissions Boundary for the VPC Flow Log IAM Role"},"vpc_flow_log_tags":{"default":{},"description":"Additional tags for the VPC Flow Logs"},"vpc_tags":{"default":{},"description":"Additional tags for the VPC"},"vpn_gateway_az":{"default":null,"description":"The Availability Zone for the VPN Gateway"},"vpn_gateway_id":{"default":"","description":"ID of VPN Gateway to attach to the VPC"},"vpn_gateway_tags":{"default":{},"description":"Additional tags for the VPN gateway"}}},"raw_data":{"FileName":".terraform/modules/vpc_example_complete-vpc/examples/complete-vpc/main.tf","StartLine":19,"EndLine":76}},"vpc_endpoints":{"source":"../../modules/vpc-endpoints","expressions":{"endpoints":{"references":["module.vpc.intra_route_table_ids","module.vpc.private_route_table_ids","module.vpc.public_route_table_ids","data.aws_iam_policy_document.dynamodb_endpoint_policy","module.vpc.private_subnets","module.vpc.private_subnets","module.vpc.private_subnets","module.vpc.private_subnets","module.vpc.private_subnets","module.vpc.private_subnets","module.vpc.private_subnets","module.vpc.private_subnets","data.aws_iam_policy_document.generic_endpoint_policy","module.vpc.private_subnets","data.aws_iam_policy_document.generic_endpoint_policy","module.vpc.private_subnets","module.vpc.private_subnets","module.vpc.private_subnets"]},"security_group_ids":{"references":["data.aws_security_group.default"]},"tags":{"references":["local.tags"]},"vpc_id":{"references":["module.vpc.vpc_id"]}},"module":{"outputs":{"endpoints":{"expression":{"references":["aws_vpc_endpoint.this"]},"description":"Array containing the full resource object and attributes for all endpoints created"}},"resources":[{"address":"aws_vpc_endpoint.this","mode":"managed","type":"aws_vpc_endpoint","name":"this","provider_config_key":"vpc_endpoints:aws","expressions":{"auto_accept":{"references":["each.value"]},"policy":{"references":["each.value"]},"private_dns_enabled":{"references":["each.value","each.value"]},"route_table_ids":{"references":["each.value","each.value"]},"security_group_ids":{"references":["each.value","var.security_group_ids","each.value"]},"service_name":{"references":["data.aws_vpc_endpoint_service.this","each.key"]},"subnet_ids":{"references":["each.value","var.subnet_ids","each.value"]},"tags":{"references":["var.tags","each.value"]},"timeouts":{"create":{"references":["var.timeouts"]},"delete":{"references":["var.timeouts"]},"update":{"references":["var.timeouts"]}},"vpc_endpoint_type":{"references":["each.value"]},"vpc_id":{"references":["var.vpc_id"]}},"schema_version":0,"for_each_expression":{"references":["local.endpoints"]},"raw_data":{"FileName":".terraform/modules/vpc_example_complete-vpc/modules/vpc-endpoints/main.tf","StartLine":21,"EndLine":42}},{"address":"data.aws_vpc_endpoint_service.this","mode":"data","type":"aws_vpc_endpoint_service","name":"this","provider_config_key":"vpc_endpoints:aws","expressions":{"filter":[{"name":{"constant_value":"service-type"},"values":{"references":["each.value"]}}],"service":{"references":["each.value"]},"service_name":{"references":["each.value"]}},"schema_version":0,"for_each_expression":{"references":["local.endpoints"]},"raw_data":{"FileName":".terraform/modules/vpc_example_complete-vpc/modules/vpc-endpoints/main.tf","StartLine":9,"EndLine":19}}],"variables":{"create":{"default":true,"description":"Determines whether resources will be created"},"endpoints":{"default":{},"description":"A map of interface and/or gateway endpoints containing their properties and configurations"},"security_group_ids":{"default":[],"description":"Default security group IDs to associate with the VPC endpoints"},"subnet_ids":{"default":[],"description":"Default subnets IDs to associate with the VPC endpoints"},"tags":{"default":{},"description":"A map of tags to use on all resources"},"timeouts":{"default":{},"description":"Define maximum timeout for creating, updating, and deleting VPC endpoint resources"},"vpc_id":{"default":null,"description":"The ID of the VPC in which the endpoint will be used"}}},"raw_data":{"FileName":".terraform/modules/vpc_example_complete-vpc/examples/complete-vpc/main.tf","StartLine":82,"EndLine":168}},"vpc_endpoints_nocreate":{"source":"../../modules/vpc-endpoints","expressions":{"create":{"constant_value":false}},"module":{"outputs":{"endpoints":{"expression":{"references":["aws_vpc_endpoint.this"]},"description":"Array containing the full resource object and attributes for all endpoints created"}},"resources":[{"address":"aws_vpc_endpoint.this","mode":"managed","type":"aws_vpc_endpoint","name":"this","provider_config_key":"vpc_endpoints_nocreate:aws","expressions":{"auto_accept":{"references":["each.value"]},"policy":{"references":["each.value"]},"private_dns_enabled":{"references":["each.value","each.value"]},"route_table_ids":{"references":["each.value","each.value"]},"security_group_ids":{"references":["each.value","var.security_group_ids","each.value"]},"service_name":{"references":["data.aws_vpc_endpoint_service.this","each.key"]},"subnet_ids":{"references":["each.value","var.subnet_ids","each.value"]},"tags":{"references":["var.tags","each.value"]},"timeouts":{"create":{"references":["var.timeouts"]},"delete":{"references":["var.timeouts"]},"update":{"references":["var.timeouts"]}},"vpc_endpoint_type":{"references":["each.value"]},"vpc_id":{"references":["var.vpc_id"]}},"schema_version":0,"for_each_expression":{"references":["local.endpoints"]},"raw_data":{"FileName":".terraform/modules/vpc_example_complete-vpc/modules/vpc-endpoints/main.tf","StartLine":21,"EndLine":42}},{"address":"data.aws_vpc_endpoint_service.this","mode":"data","type":"aws_vpc_endpoint_service","name":"this","provider_config_key":"vpc_endpoints_nocreate:aws","expressions":{"filter":[{"name":{"constant_value":"service-type"},"values":{"references":["each.value"]}}],"service":{"references":["each.value"]},"service_name":{"references":["each.value"]}},"schema_version":0,"for_each_expression":{"references":["local.endpoints"]},"raw_data":{"FileName":".terraform/modules/vpc_example_complete-vpc/modules/vpc-endpoints/main.tf","StartLine":9,"EndLine":19}}],"variables":{"create":{"default":true,"description":"Determines whether resources will be created"},"endpoints":{"default":{},"description":"A map of interface and/or gateway endpoints containing their properties and configurations"},"security_group_ids":{"default":[],"description":"Default security group IDs to associate with the VPC endpoints"},"subnet_ids":{"default":[],"description":"Default subnets IDs to associate with the VPC endpoints"},"tags":{"default":{},"description":"A map of tags to use on all resources"},"timeouts":{"default":{},"description":"Define maximum timeout for creating, updating, and deleting VPC endpoint resources"},"vpc_id":{"default":null,"description":"The ID of the VPC in which the endpoint will be used"}}},"raw_data":{"FileName":".terraform/modules/vpc_example_complete-vpc/examples/complete-vpc/main.tf","StartLine":170,"EndLine":174}}}},"raw_data":{"FileName":"main.tf","StartLine":11,"EndLine":13}}}}}}
