{"format_version":"0.1","terraform_version":"0.12.29","planned_values":{"root_module":{"child_modules":[{"resources":[{"address":"module.test_module.aws_ecr_repository.not_secure_ecr","mode":"managed","type":"aws_ecr_repository","name":"not_secure_ecr","provider_name":"aws","schema_version":0,"values":{"image_scanning_configuration":[],"image_tag_mutability":"MUTABLE","name":"not_secure_ecr","tags":null,"timeouts":null}},{"address":"module.test_module.aws_ecr_repository_policy.not_secure_policy","mode":"managed","type":"aws_ecr_repository_policy","name":"not_secure_policy","provider_name":"aws","schema_version":0,"values":{"policy":"{\n    \"Version\": \"2008-10-17\",\n    \"Statement\": [\n        {\n            \"Sid\": \"new policy\",\n            \"Effect\": \"Allow\",\n            \"Principal\": \"*\",\n            \"Action\": [\n                \"ecr:*\"\n            ]\n        }\n    ]\n}\n","repository":"not_secure_ecr"}}],"address":"module.test_module"}]}},"resource_changes":[{"address":"module.test_module.aws_ecr_repository.not_secure_ecr","module_address":"module.test_module","mode":"managed","type":"aws_ecr_repository","name":"not_secure_ecr","provider_name":"aws","change":{"actions":["create"],"before":null,"after":{"image_scanning_configuration":[],"image_tag_mutability":"MUTABLE","name":"not_secure_ecr","tags":null,"timeouts":null},"after_unknown":{"arn":true,"id":true,"image_scanning_configuration":[],"registry_id":true,"repository_url":true}}},{"address":"module.test_module.aws_ecr_repository_policy.not_secure_policy","module_address":"module.test_module","mode":"managed","type":"aws_ecr_repository_policy","name":"not_secure_policy","provider_name":"aws","change":{"actions":["create"],"before":null,"after":{"policy":"{\n    \"Version\": \"2008-10-17\",\n    \"Statement\": [\n        {\n            \"Sid\": \"new policy\",\n            \"Effect\": \"Allow\",\n            \"Principal\": \"*\",\n            \"Action\": [\n                \"ecr:*\"\n            ]\n        }\n    ]\n}\n","repository":"not_secure_ecr"},"after_unknown":{"id":true,"registry_id":true}}}],"configuration":{"provider_config":{"aws":{"name":"aws","version_constraint":"2.70.0","expressions":{"region":{"constant_value":"us-east-1"}}},"test_module:aws":{"name":"aws","module_address":"test_module","expressions":{"region":{"constant_value":"us-east-1"}}}},"root_module":{"module_calls":{"test_module":{"source":"./ecr_repositories/non_secure_policy","module":{"resources":[{"address":"aws_ecr_repository.not_secure_ecr","mode":"managed","type":"aws_ecr_repository","name":"not_secure_ecr","provider_config_key":"test_module:aws","expressions":{"name":{"constant_value":"not_secure_ecr"}},"schema_version":0,"raw_data":{"FileName":"ecr_repositories/non_secure_policy/main.tf","StartLine":5,"EndLine":7}},{"address":"aws_ecr_repository_policy.not_secure_policy","mode":"managed","type":"aws_ecr_repository_policy","name":"not_secure_policy","provider_config_key":"test_module:aws","expressions":{"policy":{"constant_value":"{\n    \"Version\": \"2008-10-17\",\n    \"Statement\": [\n        {\n            \"Sid\": \"new policy\",\n            \"Effect\": \"Allow\",\n            \"Principal\": \"*\",\n            \"Action\": [\n                \"ecr:*\"\n            ]\n        }\n    ]\n}\n"},"repository":{"references":["aws_ecr_repository.not_secure_ecr"]}},"schema_version":0,"raw_data":{"FileName":"ecr_repositories/non_secure_policy/main.tf","StartLine":9,"EndLine":27}}]},"raw_data":{"FileName":"main.tf","StartLine":7,"EndLine":9}}}}}}
