{"format_version":"0.2","terraform_version":"1.0.11","planned_values":{"root_module":{"resources":[{"address":"google_storage_bucket.log-bucket-example","mode":"managed","type":"google_storage_bucket","name":"log-bucket-example","provider_name":"registry.terraform.io/hashicorp/google","schema_version":0,"values":{"cors":[],"default_event_based_hold":null,"encryption":[],"force_destroy":true,"labels":null,"lifecycle_rule":[{"action":[{"storage_class":"","type":"Delete"}],"condition":[{"age":3,"created_before":"","custom_time_before":"","days_since_custom_time":null,"days_since_noncurrent_time":null,"matches_storage_class":[],"noncurrent_time_before":"","num_newer_versions":null}]}],"location":"US","logging":[],"name":"log-bucket-example","requester_pays":null,"retention_policy":[],"storage_class":"STANDARD","versioning":[],"website":[]},"sensitive_values":{"cors":[],"encryption":[],"lifecycle_rule":[{"action":[{}],"condition":[{"matches_storage_class":[]}]}],"logging":[],"retention_policy":[],"versioning":[],"website":[]}}]}},"resource_changes":[{"address":"google_storage_bucket.log-bucket-example","mode":"managed","type":"google_storage_bucket","name":"log-bucket-example","provider_name":"registry.terraform.io/hashicorp/google","change":{"actions":["create"],"before":null,"after":{"cors":[],"default_event_based_hold":null,"encryption":[],"force_destroy":true,"labels":null,"lifecycle_rule":[{"action":[{"storage_class":"","type":"Delete"}],"condition":[{"age":3,"created_before":"","custom_time_before":"","days_since_custom_time":null,"days_since_noncurrent_time":null,"matches_storage_class":[],"noncurrent_time_before":"","num_newer_versions":null}]}],"location":"US","logging":[],"name":"log-bucket-example","requester_pays":null,"retention_policy":[],"storage_class":"STANDARD","versioning":[],"website":[]},"after_unknown":{"cors":[],"encryption":[],"id":true,"lifecycle_rule":[{"action":[{}],"condition":[{"matches_storage_class":[],"with_state":true}]}],"logging":[],"project":true,"retention_policy":[],"self_link":true,"uniform_bucket_level_access":true,"url":true,"versioning":[],"website":[]},"before_sensitive":false,"after_sensitive":{"cors":[],"encryption":[],"lifecycle_rule":[{"action":[{}],"condition":[{"matches_storage_class":[]}]}],"logging":[],"retention_policy":[],"versioning":[],"website":[]}}}],"configuration":{"provider_config":{"google":{"name":"google","expressions":{"project":{"constant_value":"dev-tomer"},"region":{"constant_value":"us-west1"}}}},"root_module":{"resources":[{"address":"google_storage_bucket.log-bucket-example","mode":"managed","type":"google_storage_bucket","name":"log-bucket-example","provider_config_key":"google","expressions":{"force_destroy":{"constant_value":true},"lifecycle_rule":[{"action":[{"type":{"constant_value":"Delete"}}],"condition":[{"age":{"constant_value":3}}]}],"location":{"constant_value":"US"},"name":{"constant_value":"log-bucket-example"}},"schema_version":0}]}}}
