{"format_version":"0.1","terraform_version":"0.13.4","planned_values":{"root_module":{"resources":[{"address":"aws_network_acl.public-nacl","mode":"managed","type":"aws_network_acl","name":"public-nacl","provider_name":"registry.terraform.io/hashicorp/aws","schema_version":0,"values":{"subnet_ids":["aws_subnet.public-subnet.id"],"tags":null,"vpc_id":"aws_vpc.test-vpc.id"}},{"address":"aws_network_acl_rule.inbound-rule","mode":"managed","type":"aws_network_acl_rule","name":"inbound-rule","provider_name":"registry.terraform.io/hashicorp/aws","schema_version":0,"values":{"cidr_block":"0.0.0.0/0","egress":false,"from_port":2,"icmp_code":null,"icmp_type":null,"ipv6_cidr_block":null,"network_acl_id":"aws_network_acl.public-nacl.id","protocol":"tcp","rule_action":"allow","rule_number":90,"to_port":50}},{"address":"aws_subnet.public-subnet","mode":"managed","type":"aws_subnet","name":"public-subnet","provider_name":"registry.terraform.io/hashicorp/aws","schema_version":1,"values":{"assign_ipv6_address_on_creation":false,"availability_zone":"us-east-1a","cidr_block":"192.168.10.0/24","customer_owned_ipv4_pool":null,"ipv6_cidr_block":null,"map_customer_owned_ip_on_launch":null,"map_public_ip_on_launch":false,"outpost_arn":null,"tags":null,"timeouts":null,"vpc_id":"aws_vpc.test-vpc.id"}},{"address":"aws_vpc.test-vpc","mode":"managed","type":"aws_vpc","name":"test-vpc","provider_name":"registry.terraform.io/hashicorp/aws","schema_version":1,"values":{"assign_generated_ipv6_cidr_block":true,"cidr_block":"192.168.10.0/24","enable_dns_support":true,"instance_tenancy":"default","tags":null}}]}},"resource_changes":[{"address":"aws_network_acl.public-nacl","mode":"managed","type":"aws_network_acl","name":"public-nacl","provider_name":"registry.terraform.io/hashicorp/aws","change":{"actions":["create"],"before":null,"after":{"subnet_ids":["aws_subnet.public-subnet.id"],"tags":null,"vpc_id":"aws_vpc.test-vpc.id"},"after_unknown":{"arn":true,"egress":true,"id":true,"ingress":true,"owner_id":true,"subnet_ids":[false],"tags_all":true}}},{"address":"aws_network_acl_rule.inbound-rule","mode":"managed","type":"aws_network_acl_rule","name":"inbound-rule","provider_name":"registry.terraform.io/hashicorp/aws","change":{"actions":["create"],"before":null,"after":{"cidr_block":"0.0.0.0/0","egress":false,"from_port":2,"icmp_code":null,"icmp_type":null,"ipv6_cidr_block":null,"network_acl_id":"aws_network_acl.public-nacl.id","protocol":"tcp","rule_action":"allow","rule_number":90,"to_port":50},"after_unknown":{"id":true}}},{"address":"aws_subnet.public-subnet","mode":"managed","type":"aws_subnet","name":"public-subnet","provider_name":"registry.terraform.io/hashicorp/aws","change":{"actions":["create"],"before":null,"after":{"assign_ipv6_address_on_creation":false,"availability_zone":"us-east-1a","cidr_block":"192.168.10.0/24","customer_owned_ipv4_pool":null,"ipv6_cidr_block":null,"map_customer_owned_ip_on_launch":null,"map_public_ip_on_launch":false,"outpost_arn":null,"tags":null,"timeouts":null,"vpc_id":"aws_vpc.test-vpc.id"},"after_unknown":{"arn":true,"availability_zone_id":true,"id":true,"ipv6_cidr_block_association_id":true,"owner_id":true,"tags_all":true}}},{"address":"aws_vpc.test-vpc","mode":"managed","type":"aws_vpc","name":"test-vpc","provider_name":"registry.terraform.io/hashicorp/aws","change":{"actions":["create"],"before":null,"after":{"assign_generated_ipv6_cidr_block":true,"cidr_block":"192.168.10.0/24","enable_dns_support":true,"instance_tenancy":"default","tags":null},"after_unknown":{"arn":true,"default_network_acl_id":true,"default_route_table_id":true,"default_security_group_id":true,"dhcp_options_id":true,"enable_classiclink":true,"enable_classiclink_dns_support":true,"enable_dns_hostnames":true,"id":true,"ipv6_association_id":true,"ipv6_cidr_block":true,"main_route_table_id":true,"owner_id":true,"tags_all":true}}}],"configuration":{"provider_config":{"aws":{"name":"aws","expressions":{"region":{"constant_value":"us-east-1"}}}},"root_module":{"resources":[{"address":"aws_network_acl.public-nacl","mode":"managed","type":"aws_network_acl","name":"public-nacl","provider_config_key":"aws","expressions":{"subnet_ids":{"references":["aws_subnet.public-subnet"]},"vpc_id":{"references":["aws_vpc.test-vpc"]}},"schema_version":0,"raw_data":{"FileName":"main.tf","StartLine":14,"EndLine":17}},{"address":"aws_network_acl_rule.inbound-rule","mode":"managed","type":"aws_network_acl_rule","name":"inbound-rule","provider_config_key":"aws","expressions":{"cidr_block":{"constant_value":"0.0.0.0/0"},"egress":{"constant_value":false},"from_port":{"constant_value":2},"network_acl_id":{"references":["aws_network_acl.public-nacl"]},"protocol":{"constant_value":"tcp"},"rule_action":{"constant_value":"allow"},"rule_number":{"constant_value":90},"to_port":{"constant_value":50}},"schema_version":0,"raw_data":{"FileName":"main.tf","StartLine":19,"EndLine":28}},{"address":"aws_subnet.public-subnet","mode":"managed","type":"aws_subnet","name":"public-subnet","provider_config_key":"aws","expressions":{"availability_zone":{"constant_value":"us-east-1a"},"cidr_block":{"constant_value":"192.168.10.0/24"},"vpc_id":{"references":["aws_vpc.test-vpc"]}},"schema_version":1,"raw_data":{"FileName":"main.tf","StartLine":7,"EndLine":12}},{"address":"aws_vpc.test-vpc","mode":"managed","type":"aws_vpc","name":"test-vpc","provider_config_key":"aws","expressions":{"assign_generated_ipv6_cidr_block":{"constant_value":true},"cidr_block":{"constant_value":"192.168.10.0/24"}},"schema_version":1,"raw_data":{"FileName":"main.tf","StartLine":2,"EndLine":5}}]}}}
