{"format_version":"0.1","terraform_version":"0.13.4","planned_values":{"root_module":{"resources":[{"address":"aws_cloudhsm_v2_cluster.test","mode":"managed","type":"aws_cloudhsm_v2_cluster","name":"test","provider_name":"registry.terraform.io/hashicorp/aws","schema_version":0,"values":{"hsm_type":"hsm1.medium","source_backup_identifier":null,"subnet_ids":["aws_subnet.nondefault_1.id","aws_subnet.nondefault_2.id"],"tags":null,"timeouts":null}},{"address":"aws_cloudhsm_v2_hsm.cloudhsm_v2_hsm","mode":"managed","type":"aws_cloudhsm_v2_hsm","name":"cloudhsm_v2_hsm","provider_name":"registry.terraform.io/hashicorp/aws","schema_version":0,"values":{"cluster_id":"aws_cloudhsm_v2_cluster.test.cluster_id","subnet_id":"aws_subnet.nondefault_2.id","timeouts":null}},{"address":"aws_internet_gateway.gw","mode":"managed","type":"aws_internet_gateway","name":"gw","provider_name":"registry.terraform.io/hashicorp/aws","schema_version":0,"values":{"tags":{"Name":"main"},"tags_all":{"Name":"main"},"vpc_id":"aws_vpc.nondefault.id"}},{"address":"aws_route_table.public-rtb","mode":"managed","type":"aws_route_table","name":"public-rtb","provider_name":"registry.terraform.io/hashicorp/aws","schema_version":0,"values":{"route":[{"carrier_gateway_id":null,"cidr_block":"0.0.0.0/0","destination_prefix_list_id":null,"egress_only_gateway_id":null,"gateway_id":"aws_internet_gateway.gw.id","instance_id":null,"ipv6_cidr_block":null,"local_gateway_id":null,"nat_gateway_id":null,"network_interface_id":null,"transit_gateway_id":null,"vpc_endpoint_id":null,"vpc_peering_connection_id":null}],"tags":{"Name":"public-rtb"},"tags_all":{"Name":"public-rtb"},"vpc_id":"aws_vpc.nondefault.id"}},{"address":"aws_route_table_association.public-rtb-assoc_1","mode":"managed","type":"aws_route_table_association","name":"public-rtb-assoc_1","provider_name":"registry.terraform.io/hashicorp/aws","schema_version":0,"values":{"gateway_id":null,"route_table_id":"aws_route_table.public-rtb.id","subnet_id":"aws_subnet.nondefault_1.id"}},{"address":"aws_route_table_association.public-rtb-assoc_2","mode":"managed","type":"aws_route_table_association","name":"public-rtb-assoc_2","provider_name":"registry.terraform.io/hashicorp/aws","schema_version":0,"values":{"gateway_id":null,"route_table_id":"aws_route_table.public-rtb.id","subnet_id":"aws_subnet.nondefault_2.id"}},{"address":"aws_subnet.nondefault_1","mode":"managed","type":"aws_subnet","name":"nondefault_1","provider_name":"registry.terraform.io/hashicorp/aws","schema_version":1,"values":{"assign_ipv6_address_on_creation":false,"availability_zone":"us-east-1a","cidr_block":"10.1.1.128/25","customer_owned_ipv4_pool":null,"ipv6_cidr_block":null,"map_customer_owned_ip_on_launch":null,"map_public_ip_on_launch":false,"outpost_arn":null,"tags":null,"timeouts":null,"vpc_id":"aws_vpc.nondefault.id"}},{"address":"aws_subnet.nondefault_2","mode":"managed","type":"aws_subnet","name":"nondefault_2","provider_name":"registry.terraform.io/hashicorp/aws","schema_version":1,"values":{"assign_ipv6_address_on_creation":false,"availability_zone":"us-east-1b","cidr_block":"10.1.1.0/25","customer_owned_ipv4_pool":null,"ipv6_cidr_block":null,"map_customer_owned_ip_on_launch":null,"map_public_ip_on_launch":false,"outpost_arn":null,"tags":null,"timeouts":null,"vpc_id":"aws_vpc.nondefault.id"}},{"address":"aws_vpc.nondefault","mode":"managed","type":"aws_vpc","name":"nondefault","provider_name":"registry.terraform.io/hashicorp/aws","schema_version":1,"values":{"assign_generated_ipv6_cidr_block":false,"cidr_block":"10.1.1.0/24","enable_dns_support":true,"instance_tenancy":"default","tags":null}}]}},"resource_changes":[{"address":"aws_cloudhsm_v2_cluster.test","mode":"managed","type":"aws_cloudhsm_v2_cluster","name":"test","provider_name":"registry.terraform.io/hashicorp/aws","change":{"actions":["create"],"before":null,"after":{"hsm_type":"hsm1.medium","source_backup_identifier":null,"subnet_ids":["aws_subnet.nondefault_1.id","aws_subnet.nondefault_2.id"],"tags":null,"timeouts":null},"after_unknown":{"cluster_certificates":true,"cluster_id":true,"cluster_state":true,"id":true,"security_group_id":true,"subnet_ids":[false,false],"tags_all":true,"vpc_id":true}}},{"address":"aws_cloudhsm_v2_hsm.cloudhsm_v2_hsm","mode":"managed","type":"aws_cloudhsm_v2_hsm","name":"cloudhsm_v2_hsm","provider_name":"registry.terraform.io/hashicorp/aws","change":{"actions":["create"],"before":null,"after":{"cluster_id":"aws_cloudhsm_v2_cluster.test.cluster_id","subnet_id":"aws_subnet.nondefault_2.id","timeouts":null},"after_unknown":{"availability_zone":true,"hsm_eni_id":true,"hsm_id":true,"hsm_state":true,"id":true,"ip_address":true}}},{"address":"aws_internet_gateway.gw","mode":"managed","type":"aws_internet_gateway","name":"gw","provider_name":"registry.terraform.io/hashicorp/aws","change":{"actions":["create"],"before":null,"after":{"tags":{"Name":"main"},"tags_all":{"Name":"main"},"vpc_id":"aws_vpc.nondefault.id"},"after_unknown":{"arn":true,"id":true,"owner_id":true,"tags":{},"tags_all":{}}}},{"address":"aws_route_table.public-rtb","mode":"managed","type":"aws_route_table","name":"public-rtb","provider_name":"registry.terraform.io/hashicorp/aws","change":{"actions":["create"],"before":null,"after":{"route":[{"carrier_gateway_id":null,"cidr_block":"0.0.0.0/0","destination_prefix_list_id":null,"egress_only_gateway_id":null,"gateway_id":"aws_internet_gateway.gw.id","instance_id":null,"ipv6_cidr_block":null,"local_gateway_id":null,"nat_gateway_id":null,"network_interface_id":null,"transit_gateway_id":null,"vpc_endpoint_id":null,"vpc_peering_connection_id":null}],"tags":{"Name":"public-rtb"},"tags_all":{"Name":"public-rtb"},"vpc_id":"aws_vpc.nondefault.id"},"after_unknown":{"arn":true,"id":true,"owner_id":true,"propagating_vgws":true,"route":[{}],"tags":{},"tags_all":{}}}},{"address":"aws_route_table_association.public-rtb-assoc_1","mode":"managed","type":"aws_route_table_association","name":"public-rtb-assoc_1","provider_name":"registry.terraform.io/hashicorp/aws","change":{"actions":["create"],"before":null,"after":{"gateway_id":null,"route_table_id":"aws_route_table.public-rtb.id","subnet_id":"aws_subnet.nondefault_1.id"},"after_unknown":{"id":true}}},{"address":"aws_route_table_association.public-rtb-assoc_2","mode":"managed","type":"aws_route_table_association","name":"public-rtb-assoc_2","provider_name":"registry.terraform.io/hashicorp/aws","change":{"actions":["create"],"before":null,"after":{"gateway_id":null,"route_table_id":"aws_route_table.public-rtb.id","subnet_id":"aws_subnet.nondefault_2.id"},"after_unknown":{"id":true}}},{"address":"aws_subnet.nondefault_1","mode":"managed","type":"aws_subnet","name":"nondefault_1","provider_name":"registry.terraform.io/hashicorp/aws","change":{"actions":["create"],"before":null,"after":{"assign_ipv6_address_on_creation":false,"availability_zone":"us-east-1a","cidr_block":"10.1.1.128/25","customer_owned_ipv4_pool":null,"ipv6_cidr_block":null,"map_customer_owned_ip_on_launch":null,"map_public_ip_on_launch":false,"outpost_arn":null,"tags":null,"timeouts":null,"vpc_id":"aws_vpc.nondefault.id"},"after_unknown":{"arn":true,"availability_zone_id":true,"id":true,"ipv6_cidr_block_association_id":true,"owner_id":true,"tags_all":true}}},{"address":"aws_subnet.nondefault_2","mode":"managed","type":"aws_subnet","name":"nondefault_2","provider_name":"registry.terraform.io/hashicorp/aws","change":{"actions":["create"],"before":null,"after":{"assign_ipv6_address_on_creation":false,"availability_zone":"us-east-1b","cidr_block":"10.1.1.0/25","customer_owned_ipv4_pool":null,"ipv6_cidr_block":null,"map_customer_owned_ip_on_launch":null,"map_public_ip_on_launch":false,"outpost_arn":null,"tags":null,"timeouts":null,"vpc_id":"aws_vpc.nondefault.id"},"after_unknown":{"arn":true,"availability_zone_id":true,"id":true,"ipv6_cidr_block_association_id":true,"owner_id":true,"tags_all":true}}},{"address":"aws_vpc.nondefault","mode":"managed","type":"aws_vpc","name":"nondefault","provider_name":"registry.terraform.io/hashicorp/aws","change":{"actions":["create"],"before":null,"after":{"assign_generated_ipv6_cidr_block":false,"cidr_block":"10.1.1.0/24","enable_dns_support":true,"instance_tenancy":"default","tags":null},"after_unknown":{"arn":true,"default_network_acl_id":true,"default_route_table_id":true,"default_security_group_id":true,"dhcp_options_id":true,"enable_classiclink":true,"enable_classiclink_dns_support":true,"enable_dns_hostnames":true,"id":true,"ipv6_association_id":true,"ipv6_cidr_block":true,"main_route_table_id":true,"owner_id":true,"tags_all":true}}}],"configuration":{"provider_config":{"aws":{"name":"aws","expressions":{"region":{"constant_value":"us-east-1"}}}},"root_module":{"resources":[{"address":"aws_cloudhsm_v2_cluster.test","mode":"managed","type":"aws_cloudhsm_v2_cluster","name":"test","provider_config_key":"aws","expressions":{"hsm_type":{"constant_value":"hsm1.medium"},"subnet_ids":{"references":["aws_subnet.nondefault_1","aws_subnet.nondefault_2"]}},"schema_version":0,"raw_data":{"FileName":"main.tf","StartLine":51,"EndLine":54}},{"address":"aws_cloudhsm_v2_hsm.cloudhsm_v2_hsm","mode":"managed","type":"aws_cloudhsm_v2_hsm","name":"cloudhsm_v2_hsm","provider_config_key":"aws","expressions":{"cluster_id":{"references":["aws_cloudhsm_v2_cluster.test"]},"subnet_id":{"references":["aws_subnet.nondefault_2"]}},"schema_version":0,"raw_data":{"FileName":"main.tf","StartLine":56,"EndLine":59}},{"address":"aws_internet_gateway.gw","mode":"managed","type":"aws_internet_gateway","name":"gw","provider_config_key":"aws","expressions":{"tags":{"constant_value":{"Name":"main"}},"vpc_id":{"references":["aws_vpc.nondefault"]}},"schema_version":0,"raw_data":{"FileName":"main.tf","StartLine":18,"EndLine":24}},{"address":"aws_route_table.public-rtb","mode":"managed","type":"aws_route_table","name":"public-rtb","provider_config_key":"aws","expressions":{"tags":{"constant_value":{"Name":"public-rtb"}},"vpc_id":{"references":["aws_vpc.nondefault"]}},"schema_version":0,"raw_data":{"FileName":"main.tf","StartLine":26,"EndLine":37}},{"address":"aws_route_table_association.public-rtb-assoc_1","mode":"managed","type":"aws_route_table_association","name":"public-rtb-assoc_1","provider_config_key":"aws","expressions":{"route_table_id":{"references":["aws_route_table.public-rtb"]},"subnet_id":{"references":["aws_subnet.nondefault_1"]}},"schema_version":0,"raw_data":{"FileName":"main.tf","StartLine":40,"EndLine":43}},{"address":"aws_route_table_association.public-rtb-assoc_2","mode":"managed","type":"aws_route_table_association","name":"public-rtb-assoc_2","provider_config_key":"aws","expressions":{"route_table_id":{"references":["aws_route_table.public-rtb"]},"subnet_id":{"references":["aws_subnet.nondefault_2"]}},"schema_version":0,"raw_data":{"FileName":"main.tf","StartLine":45,"EndLine":48}},{"address":"aws_subnet.nondefault_1","mode":"managed","type":"aws_subnet","name":"nondefault_1","provider_config_key":"aws","expressions":{"availability_zone":{"constant_value":"us-east-1a"},"cidr_block":{"constant_value":"10.1.1.128/25"},"vpc_id":{"references":["aws_vpc.nondefault"]}},"schema_version":1,"raw_data":{"FileName":"main.tf","StartLine":6,"EndLine":10}},{"address":"aws_subnet.nondefault_2","mode":"managed","type":"aws_subnet","name":"nondefault_2","provider_config_key":"aws","expressions":{"availability_zone":{"constant_value":"us-east-1b"},"cidr_block":{"constant_value":"10.1.1.0/25"},"vpc_id":{"references":["aws_vpc.nondefault"]}},"schema_version":1,"raw_data":{"FileName":"main.tf","StartLine":12,"EndLine":16}},{"address":"aws_vpc.nondefault","mode":"managed","type":"aws_vpc","name":"nondefault","provider_config_key":"aws","expressions":{"cidr_block":{"constant_value":"10.1.1.0/24"}},"schema_version":1,"raw_data":{"FileName":"main.tf","StartLine":2,"EndLine":4}}]}}}
