{"format_version":"0.1","terraform_version":"0.13.4","planned_values":{"root_module":{"resources":[{"address":"aws_config_configuration_aggregator.test","mode":"managed","type":"aws_config_configuration_aggregator","name":"test","provider_name":"registry.terraform.io/hashicorp/aws","schema_version":0,"values":{"account_aggregation_source":[{"account_ids":["115553109071"],"all_regions":true,"regions":null}],"name":"all_regions_enabled_account","organization_aggregation_source":[],"tags":null}}]}},"resource_changes":[{"address":"aws_config_configuration_aggregator.test","mode":"managed","type":"aws_config_configuration_aggregator","name":"test","provider_name":"registry.terraform.io/hashicorp/aws","change":{"actions":["create"],"before":null,"after":{"account_aggregation_source":[{"account_ids":["115553109071"],"all_regions":true,"regions":null}],"name":"all_regions_enabled_account","organization_aggregation_source":[],"tags":null},"after_unknown":{"account_aggregation_source":[{"account_ids":[false]}],"arn":true,"id":true,"organization_aggregation_source":[],"tags_all":true}}}],"prior_state":{"format_version":"0.1","terraform_version":"0.13.4","values":{"root_module":{"resources":[{"address":"data.aws_caller_identity.current","mode":"data","type":"aws_caller_identity","name":"current","provider_name":"registry.terraform.io/hashicorp/aws","schema_version":0,"values":{"account_id":"115553109071","arn":"arn:aws:sts::115553109071:assumed-role/AWSReservedSSO_admin_in_develop_fb314e4593b59bf2/imanuel.m@indeni.com","id":"115553109071","user_id":"AROARVZ4AQRHRH7ZLU5BZ:imanuel.m@indeni.com"}}]}}},"configuration":{"provider_config":{"aws":{"name":"aws","expressions":{"region":{"constant_value":"us-east-1"}}}},"root_module":{"resources":[{"address":"aws_config_configuration_aggregator.test","mode":"managed","type":"aws_config_configuration_aggregator","name":"test","provider_config_key":"aws","expressions":{"account_aggregation_source":[{"account_ids":{"references":["data.aws_caller_identity.current"]},"all_regions":{"constant_value":true}}],"name":{"constant_value":"all_regions_enabled_account"}},"schema_version":0,"raw_data":{"FileName":"main.tf","StartLine":4,"EndLine":11}},{"address":"data.aws_caller_identity.current","mode":"data","type":"aws_caller_identity","name":"current","provider_config_key":"aws","schema_version":0,"raw_data":{"FileName":"main.tf","StartLine":2,"EndLine":2}}]}}}
