{"format_version":"0.1","terraform_version":"0.13.4","planned_values":{"root_module":{"resources":[{"address":"aws_secretsmanager_secret.test","mode":"managed","type":"aws_secretsmanager_secret","name":"test","provider_name":"registry.terraform.io/hashicorp/aws","schema_version":0,"values":{"description":null,"kms_key_id":"arn:aws:kms:us-east-1:115553109071:key/3b06df86-fde7-49cd-adbb-0a4c008d3df0","name":"test-cloudrail-1","recovery_window_in_days":30,"rotation_rules":[],"tags":null}}]}},"resource_changes":[{"address":"aws_secretsmanager_secret.test","mode":"managed","type":"aws_secretsmanager_secret","name":"test","provider_name":"registry.terraform.io/hashicorp/aws","change":{"actions":["create"],"before":null,"after":{"description":null,"kms_key_id":"arn:aws:kms:us-east-1:115553109071:key/3b06df86-fde7-49cd-adbb-0a4c008d3df0","name":"test-cloudrail-1","recovery_window_in_days":30,"rotation_rules":[],"tags":null},"after_unknown":{"arn":true,"id":true,"name_prefix":true,"policy":true,"rotation_enabled":true,"rotation_lambda_arn":true,"rotation_rules":[],"tags_all":true}}}],"prior_state":{"format_version":"0.1","terraform_version":"0.13.4","values":{"root_module":{"resources":[{"address":"data.aws_kms_key.by_alias","mode":"data","type":"aws_kms_key","name":"by_alias","provider_name":"registry.terraform.io/hashicorp/aws","schema_version":0,"values":{"arn":"arn:aws:kms:us-east-1:115553109071:key/3b06df86-fde7-49cd-adbb-0a4c008d3df0","aws_account_id":"115553109071","creation_date":"2021-01-17T20:30:01Z","customer_master_key_spec":"SYMMETRIC_DEFAULT","deletion_date":null,"description":"Default master key that protects my Secrets Manager data when no other key is defined","enabled":true,"expiration_model":"","grant_tokens":null,"id":"3b06df86-fde7-49cd-adbb-0a4c008d3df0","key_id":"alias/aws/secretsmanager","key_manager":"AWS","key_state":"Enabled","key_usage":"ENCRYPT_DECRYPT","origin":"AWS_KMS","valid_to":null}}]}}},"configuration":{"provider_config":{"aws":{"name":"aws","expressions":{"region":{"constant_value":"us-east-1"}}}},"root_module":{"resources":[{"address":"aws_secretsmanager_secret.test","mode":"managed","type":"aws_secretsmanager_secret","name":"test","provider_config_key":"aws","expressions":{"kms_key_id":{"references":["data.aws_kms_key.by_alias"]},"name":{"constant_value":"test-cloudrail-1"}},"schema_version":0,"raw_data":{"FileName":"main.tf","StartLine":5,"EndLine":8}},{"address":"data.aws_kms_key.by_alias","mode":"data","type":"aws_kms_key","name":"by_alias","provider_config_key":"aws","expressions":{"key_id":{"constant_value":"alias/aws/secretsmanager"}},"schema_version":0,"raw_data":{"FileName":"main.tf","StartLine":1,"EndLine":3}}]}}}
