{"format_version":"0.1","terraform_version":"0.12.29","planned_values":{"root_module":{"resources":[{"address":"aws_autoscaling_group.test-autoscaling-group","mode":"managed","type":"aws_autoscaling_group","name":"test-autoscaling-group","provider_name":"aws","schema_version":0,"values":{"enabled_metrics":null,"force_delete":false,"health_check_grace_period":300,"initial_lifecycle_hook":[],"launch_configuration":null,"launch_template":[{"id":"aws_launch_template.test-launch-template.id","version":"$Latest"}],"load_balancers":null,"max_instance_lifetime":null,"max_size":5,"metrics_granularity":"1Minute","min_elb_capacity":null,"min_size":2,"mixed_instances_policy":[],"name":"test-autoscaling-group","name_prefix":null,"placement_group":null,"protect_from_scale_in":false,"suspended_processes":null,"tag":[],"tags":null,"target_group_arns":null,"termination_policies":null,"timeouts":null,"wait_for_capacity_timeout":"10m","wait_for_elb_capacity":null}},{"address":"aws_internet_gateway.igw","mode":"managed","type":"aws_internet_gateway","name":"igw","provider_name":"aws","schema_version":0,"values":{"tags":null,"vpc_id":"aws_vpc.main.id"}},{"address":"aws_launch_template.test-launch-template","mode":"managed","type":"aws_launch_template","name":"test-launch-template","provider_name":"aws","schema_version":0,"values":{"block_device_mappings":[],"capacity_reservation_specification":[],"cpu_options":[],"credit_specification":[],"description":null,"disable_api_termination":null,"ebs_optimized":null,"elastic_gpu_specifications":[],"elastic_inference_accelerator":[],"hibernation_options":[],"iam_instance_profile":[],"image_id":"ami-1a2b3c","instance_initiated_shutdown_behavior":null,"instance_market_options":[],"instance_type":"t2.micro","kernel_id":null,"key_name":null,"license_specification":[],"monitoring":[],"name":"test-launch-template","name_prefix":null,"network_interfaces":[{"associate_public_ip_address":"true","delete_on_termination":null,"description":null,"device_index":null,"ipv4_address_count":null,"ipv4_addresses":null,"ipv6_address_count":null,"ipv6_addresses":null,"network_interface_id":null,"private_ip_address":null,"security_groups":["aws_security_group.allow-ssh.id"],"subnet_id":"aws_subnet.public-subnet.id"}],"placement":[],"ram_disk_id":null,"security_group_names":null,"tag_specifications":[],"tags":null,"update_default_version":null,"user_data":null,"vpc_security_group_ids":null}},{"address":"aws_route_table.public-route-table","mode":"managed","type":"aws_route_table","name":"public-route-table","provider_name":"aws","schema_version":0,"values":{"route":[{"cidr_block":"0.0.0.0/0","egress_only_gateway_id":"","gateway_id":"aws_internet_gateway.igw.id","instance_id":"","ipv6_cidr_block":"","local_gateway_id":"","nat_gateway_id":"","network_interface_id":"","transit_gateway_id":"","vpc_peering_connection_id":""}],"tags":null,"vpc_id":"aws_vpc.main.id"}},{"address":"aws_route_table_association.public-route-table-assoc","mode":"managed","type":"aws_route_table_association","name":"public-route-table-assoc","provider_name":"aws","schema_version":0,"values":{"gateway_id":null,"route_table_id":"aws_route_table.public-route-table.id","subnet_id":"aws_subnet.public-subnet.id"}},{"address":"aws_security_group.allow-ssh","mode":"managed","type":"aws_security_group","name":"allow-ssh","provider_name":"aws","schema_version":1,"values":{"description":"allow ssh","egress":[{"cidr_blocks":["0.0.0.0/0"],"description":"","from_port":0,"ipv6_cidr_blocks":[],"prefix_list_ids":[],"protocol":"-1","security_groups":[],"self":false,"to_port":0}],"ingress":[{"cidr_blocks":["0.0.0.0/0"],"description":"","from_port":22,"ipv6_cidr_blocks":[],"prefix_list_ids":[],"protocol":"tcp","security_groups":[],"self":false,"to_port":22}],"name_prefix":null,"revoke_rules_on_delete":false,"tags":null,"timeouts":null}},{"address":"aws_subnet.public-subnet","mode":"managed","type":"aws_subnet","name":"public-subnet","provider_name":"aws","schema_version":1,"values":{"assign_ipv6_address_on_creation":false,"availability_zone":"us-east-1a","cidr_block":"172.16.100.0/24","ipv6_cidr_block":null,"map_public_ip_on_launch":false,"outpost_arn":null,"tags":{"Name":"public-subnet"},"timeouts":null,"vpc_id":"aws_vpc.main.id"}},{"address":"aws_vpc.main","mode":"managed","type":"aws_vpc","name":"main","provider_name":"aws","schema_version":1,"values":{"assign_generated_ipv6_cidr_block":false,"cidr_block":"172.16.0.0/16","enable_dns_support":true,"instance_tenancy":"default","tags":null}}]}},"resource_changes":[{"address":"aws_autoscaling_group.test-autoscaling-group","mode":"managed","type":"aws_autoscaling_group","name":"test-autoscaling-group","provider_name":"aws","change":{"actions":["create"],"before":null,"after":{"enabled_metrics":null,"force_delete":false,"health_check_grace_period":300,"initial_lifecycle_hook":[],"launch_configuration":null,"launch_template":[{"id":"aws_launch_template.test-launch-template.id","version":"$Latest"}],"load_balancers":null,"max_instance_lifetime":null,"max_size":5,"metrics_granularity":"1Minute","min_elb_capacity":null,"min_size":2,"mixed_instances_policy":[],"name":"test-autoscaling-group","name_prefix":null,"placement_group":null,"protect_from_scale_in":false,"suspended_processes":null,"tag":[],"tags":null,"target_group_arns":null,"termination_policies":null,"timeouts":null,"wait_for_capacity_timeout":"10m","wait_for_elb_capacity":null},"after_unknown":{"arn":true,"availability_zones":true,"default_cooldown":true,"desired_capacity":true,"health_check_type":true,"id":true,"initial_lifecycle_hook":[],"launch_template":[{"name":true}],"mixed_instances_policy":[],"service_linked_role_arn":true,"tag":[],"vpc_zone_identifier":true}}},{"address":"aws_internet_gateway.igw","mode":"managed","type":"aws_internet_gateway","name":"igw","provider_name":"aws","change":{"actions":["create"],"before":null,"after":{"tags":null,"vpc_id":"aws_vpc.main.id"},"after_unknown":{"arn":true,"id":true,"owner_id":true}}},{"address":"aws_launch_template.test-launch-template","mode":"managed","type":"aws_launch_template","name":"test-launch-template","provider_name":"aws","change":{"actions":["create"],"before":null,"after":{"block_device_mappings":[],"capacity_reservation_specification":[],"cpu_options":[],"credit_specification":[],"description":null,"disable_api_termination":null,"ebs_optimized":null,"elastic_gpu_specifications":[],"elastic_inference_accelerator":[],"hibernation_options":[],"iam_instance_profile":[],"image_id":"ami-1a2b3c","instance_initiated_shutdown_behavior":null,"instance_market_options":[],"instance_type":"t2.micro","kernel_id":null,"key_name":null,"license_specification":[],"monitoring":[],"name":"test-launch-template","name_prefix":null,"network_interfaces":[{"associate_public_ip_address":"true","delete_on_termination":null,"description":null,"device_index":null,"ipv4_address_count":null,"ipv4_addresses":null,"ipv6_address_count":null,"ipv6_addresses":null,"network_interface_id":null,"private_ip_address":null,"security_groups":["aws_security_group.allow-ssh.id"],"subnet_id":"aws_subnet.public-subnet.id"}],"placement":[],"ram_disk_id":null,"security_group_names":null,"tag_specifications":[],"tags":null,"update_default_version":null,"user_data":null,"vpc_security_group_ids":null},"after_unknown":{"arn":true,"block_device_mappings":[],"capacity_reservation_specification":[],"cpu_options":[],"credit_specification":[],"default_version":true,"elastic_gpu_specifications":[],"elastic_inference_accelerator":[],"hibernation_options":[],"iam_instance_profile":[],"id":true,"instance_market_options":[],"latest_version":true,"license_specification":[],"metadata_options":true,"monitoring":[],"network_interfaces":[{"security_groups":[false]}],"placement":[],"tag_specifications":[]}}},{"address":"aws_route_table.public-route-table","mode":"managed","type":"aws_route_table","name":"public-route-table","provider_name":"aws","change":{"actions":["create"],"before":null,"after":{"route":[{"cidr_block":"0.0.0.0/0","egress_only_gateway_id":"","gateway_id":"aws_internet_gateway.igw.id","instance_id":"","ipv6_cidr_block":"","local_gateway_id":"","nat_gateway_id":"","network_interface_id":"","transit_gateway_id":"","vpc_peering_connection_id":""}],"tags":null,"vpc_id":"aws_vpc.main.id"},"after_unknown":{"id":true,"owner_id":true,"propagating_vgws":true,"route":[{}]}}},{"address":"aws_route_table_association.public-route-table-assoc","mode":"managed","type":"aws_route_table_association","name":"public-route-table-assoc","provider_name":"aws","change":{"actions":["create"],"before":null,"after":{"gateway_id":null,"route_table_id":"aws_route_table.public-route-table.id","subnet_id":"aws_subnet.public-subnet.id"},"after_unknown":{"id":true}}},{"address":"aws_security_group.allow-ssh","mode":"managed","type":"aws_security_group","name":"allow-ssh","provider_name":"aws","change":{"actions":["create"],"before":null,"after":{"description":"allow ssh","egress":[{"cidr_blocks":["0.0.0.0/0"],"description":"","from_port":0,"ipv6_cidr_blocks":[],"prefix_list_ids":[],"protocol":"-1","security_groups":[],"self":false,"to_port":0}],"ingress":[{"cidr_blocks":["0.0.0.0/0"],"description":"","from_port":22,"ipv6_cidr_blocks":[],"prefix_list_ids":[],"protocol":"tcp","security_groups":[],"self":false,"to_port":22}],"name_prefix":null,"revoke_rules_on_delete":false,"tags":null,"timeouts":null},"after_unknown":{"arn":true,"egress":[{"cidr_blocks":[false],"ipv6_cidr_blocks":[],"prefix_list_ids":[],"security_groups":[]}],"id":true,"ingress":[{"cidr_blocks":[false],"ipv6_cidr_blocks":[],"prefix_list_ids":[],"security_groups":[]}],"name":true,"owner_id":true,"vpc_id":true}}},{"address":"aws_subnet.public-subnet","mode":"managed","type":"aws_subnet","name":"public-subnet","provider_name":"aws","change":{"actions":["create"],"before":null,"after":{"assign_ipv6_address_on_creation":false,"availability_zone":"us-east-1a","cidr_block":"172.16.100.0/24","ipv6_cidr_block":null,"map_public_ip_on_launch":false,"outpost_arn":null,"tags":{"Name":"public-subnet"},"timeouts":null,"vpc_id":"aws_vpc.main.id"},"after_unknown":{"arn":true,"availability_zone_id":true,"id":true,"ipv6_cidr_block_association_id":true,"owner_id":true,"tags":{}}}},{"address":"aws_vpc.main","mode":"managed","type":"aws_vpc","name":"main","provider_name":"aws","change":{"actions":["create"],"before":null,"after":{"assign_generated_ipv6_cidr_block":false,"cidr_block":"172.16.0.0/16","enable_dns_support":true,"instance_tenancy":"default","tags":null},"after_unknown":{"arn":true,"default_network_acl_id":true,"default_route_table_id":true,"default_security_group_id":true,"dhcp_options_id":true,"enable_classiclink":true,"enable_classiclink_dns_support":true,"enable_dns_hostnames":true,"id":true,"ipv6_association_id":true,"ipv6_cidr_block":true,"main_route_table_id":true,"owner_id":true}}}],"configuration":{"provider_config":{"aws":{"name":"aws","expressions":{"region":{"constant_value":"us-east-1"}}}},"root_module":{"resources":[{"address":"aws_autoscaling_group.test-autoscaling-group","mode":"managed","type":"aws_autoscaling_group","name":"test-autoscaling-group","provider_config_key":"aws","expressions":{"launch_template":[{"id":{"references":["aws_launch_template.test-launch-template"]},"version":{"constant_value":"$Latest"}}],"max_size":{"constant_value":5},"min_size":{"constant_value":2},"name":{"constant_value":"test-autoscaling-group"}},"schema_version":0,"raw_data":{"FileName":"main.tf","StartLine":5,"EndLine":14}},{"address":"aws_internet_gateway.igw","mode":"managed","type":"aws_internet_gateway","name":"igw","provider_config_key":"aws","expressions":{"vpc_id":{"references":["aws_vpc.main"]}},"schema_version":0,"raw_data":{"FileName":"main.tf","StartLine":62,"EndLine":64}},{"address":"aws_launch_template.test-launch-template","mode":"managed","type":"aws_launch_template","name":"test-launch-template","provider_config_key":"aws","expressions":{"image_id":{"constant_value":"ami-1a2b3c"},"instance_type":{"constant_value":"t2.micro"},"name":{"constant_value":"test-launch-template"},"network_interfaces":[{"associate_public_ip_address":{"constant_value":true},"security_groups":{"references":["aws_security_group.allow-ssh"]},"subnet_id":{"references":["aws_subnet.public-subnet"]}}]},"schema_version":0,"raw_data":{"FileName":"main.tf","StartLine":16,"EndLine":27}},{"address":"aws_route_table.public-route-table","mode":"managed","type":"aws_route_table","name":"public-route-table","provider_config_key":"aws","expressions":{"vpc_id":{"references":["aws_vpc.main"]}},"schema_version":0,"raw_data":{"FileName":"main.tf","StartLine":66,"EndLine":72}},{"address":"aws_route_table_association.public-route-table-assoc","mode":"managed","type":"aws_route_table_association","name":"public-route-table-assoc","provider_config_key":"aws","expressions":{"route_table_id":{"references":["aws_route_table.public-route-table"]},"subnet_id":{"references":["aws_subnet.public-subnet"]}},"schema_version":0,"raw_data":{"FileName":"main.tf","StartLine":74,"EndLine":77}},{"address":"aws_security_group.allow-ssh","mode":"managed","type":"aws_security_group","name":"allow-ssh","provider_config_key":"aws","expressions":{"description":{"constant_value":"allow ssh"}},"schema_version":1,"raw_data":{"FileName":"main.tf","StartLine":44,"EndLine":59}},{"address":"aws_subnet.public-subnet","mode":"managed","type":"aws_subnet","name":"public-subnet","provider_config_key":"aws","expressions":{"availability_zone":{"constant_value":"us-east-1a"},"cidr_block":{"constant_value":"172.16.100.0/24"},"map_public_ip_on_launch":{"constant_value":false},"tags":{"constant_value":{"Name":"public-subnet"}},"vpc_id":{"references":["aws_vpc.main"]}},"schema_version":1,"raw_data":{"FileName":"main.tf","StartLine":33,"EndLine":42}},{"address":"aws_vpc.main","mode":"managed","type":"aws_vpc","name":"main","provider_config_key":"aws","expressions":{"cidr_block":{"constant_value":"172.16.0.0/16"}},"schema_version":1,"raw_data":{"FileName":"main.tf","StartLine":29,"EndLine":31}}]}}}
