{"format_version":"0.1","terraform_version":"0.14.6","planned_values":{"root_module":{"resources":[{"address":"google_compute_address.static","mode":"managed","type":"google_compute_address","name":"static","provider_name":"registry.terraform.io/hashicorp/google","schema_version":0,"values":{"address_type":"EXTERNAL","description":null,"name":"ipv4-address","network":null,"prefix_length":null,"timeouts":null}},{"address":"google_compute_firewall.default","mode":"managed","type":"google_compute_firewall","name":"default","provider_name":"registry.terraform.io/hashicorp/google","schema_version":1,"values":{"allow":[{"ports":["22"],"protocol":"tcp"}],"deny":[],"description":null,"disabled":null,"log_config":[],"name":"ssh-from-anywhere","network":"default","priority":1000,"source_ranges":["0.0.0.0/0"],"source_service_accounts":null,"source_tags":null,"target_service_accounts":null,"target_tags":["ssh-from-anywhere"],"timeouts":null}},{"address":"google_compute_instance.restricted-ssh","mode":"managed","type":"google_compute_instance","name":"restricted-ssh","provider_name":"registry.terraform.io/hashicorp/google","schema_version":6,"values":{"advanced_machine_features":[],"allow_stopping_for_update":null,"attached_disk":[],"boot_disk":[{"auto_delete":true,"disk_encryption_key_raw":null,"initialize_params":[{"image":"debian-cloud/debian-9"}],"mode":"READ_WRITE"}],"can_ip_forward":false,"deletion_protection":false,"description":null,"desired_status":null,"enable_display":null,"hostname":null,"labels":null,"machine_type":"n1-standard-1","metadata":null,"metadata_startup_script":null,"name":"unrestricted-gce","network_interface":[{"access_config":[{"nat_ip":"google_compute_address.static.address","public_ptr_domain_name":null}],"alias_ip_range":[],"ipv6_access_config":[],"nic_type":null,"subnetwork":"default"}],"resource_policies":null,"scratch_disk":[{"interface":"SCSI"}],"service_account":[],"shielded_instance_config":[],"tags":["ssh-from-anywhere"],"timeouts":null,"zone":"us-west1-a"}}]}},"resource_changes":[{"address":"google_compute_address.static","mode":"managed","type":"google_compute_address","name":"static","provider_name":"registry.terraform.io/hashicorp/google","change":{"actions":["create"],"before":null,"after":{"address_type":"EXTERNAL","description":null,"name":"ipv4-address","network":null,"prefix_length":null,"timeouts":null},"after_unknown":{"address":true,"creation_timestamp":true,"id":true,"network_tier":true,"project":true,"purpose":true,"region":true,"self_link":true,"subnetwork":true,"users":true}}},{"address":"google_compute_firewall.default","mode":"managed","type":"google_compute_firewall","name":"default","provider_name":"registry.terraform.io/hashicorp/google","change":{"actions":["create"],"before":null,"after":{"allow":[{"ports":["22"],"protocol":"tcp"}],"deny":[],"description":null,"disabled":null,"log_config":[],"name":"ssh-from-anywhere","network":"default","priority":1000,"source_ranges":["0.0.0.0/0"],"source_service_accounts":null,"source_tags":null,"target_service_accounts":null,"target_tags":["ssh-from-anywhere"],"timeouts":null},"after_unknown":{"allow":[{"ports":[false]}],"creation_timestamp":true,"deny":[],"destination_ranges":true,"direction":true,"enable_logging":true,"id":true,"log_config":[],"project":true,"self_link":true,"source_ranges":[false],"target_tags":[false]}}},{"address":"google_compute_instance.restricted-ssh","mode":"managed","type":"google_compute_instance","name":"restricted-ssh","provider_name":"registry.terraform.io/hashicorp/google","change":{"actions":["create"],"before":null,"after":{"advanced_machine_features":[],"allow_stopping_for_update":null,"attached_disk":[],"boot_disk":[{"auto_delete":true,"disk_encryption_key_raw":null,"initialize_params":[{"image":"debian-cloud/debian-9"}],"mode":"READ_WRITE"}],"can_ip_forward":false,"deletion_protection":false,"description":null,"desired_status":null,"enable_display":null,"hostname":null,"labels":null,"machine_type":"n1-standard-1","metadata":null,"metadata_startup_script":null,"name":"unrestricted-gce","network_interface":[{"access_config":[{"nat_ip":"google_compute_address.static.address","public_ptr_domain_name":null}],"alias_ip_range":[],"ipv6_access_config":[],"nic_type":null,"subnetwork":"default"}],"resource_policies":null,"scratch_disk":[{"interface":"SCSI"}],"service_account":[],"shielded_instance_config":[],"tags":["ssh-from-anywhere"],"timeouts":null,"zone":"us-west1-a"},"after_unknown":{"advanced_machine_features":[],"attached_disk":[],"boot_disk":[{"device_name":true,"disk_encryption_key_sha256":true,"initialize_params":[{"labels":true,"size":true,"type":true}],"kms_key_self_link":true,"source":true}],"confidential_instance_config":true,"cpu_platform":true,"current_status":true,"guest_accelerator":true,"id":true,"instance_id":true,"label_fingerprint":true,"metadata_fingerprint":true,"min_cpu_platform":true,"network_interface":[{"access_config":[{"network_tier":true}],"alias_ip_range":[],"ipv6_access_config":[],"ipv6_access_type":true,"name":true,"network":true,"network_ip":true,"stack_type":true,"subnetwork_project":true}],"project":true,"reservation_affinity":true,"scheduling":true,"scratch_disk":[{}],"self_link":true,"service_account":[],"shielded_instance_config":[],"tags":[false],"tags_fingerprint":true}}}],"configuration":{"provider_config":{"google":{"name":"google","expressions":{"project":{"constant_value":"dev-for-tests"},"region":{"constant_value":"us-west1"}}}},"root_module":{"resources":[{"address":"google_compute_address.static","mode":"managed","type":"google_compute_address","name":"static","provider_config_key":"google","expressions":{"name":{"constant_value":"ipv4-address"}},"schema_version":0,"raw_data":{"FileName":"main.tf","StartLine":6,"EndLine":8}},{"address":"google_compute_firewall.default","mode":"managed","type":"google_compute_firewall","name":"default","provider_config_key":"google","expressions":{"allow":[{"ports":{"constant_value":["22"]},"protocol":{"constant_value":"tcp"}}],"name":{"constant_value":"ssh-from-anywhere"},"network":{"constant_value":"default"},"source_ranges":{"constant_value":["0.0.0.0/0"]},"target_tags":{"constant_value":["ssh-from-anywhere"]}},"schema_version":1,"raw_data":{"FileName":"main.tf","StartLine":35,"EndLine":46}},{"address":"google_compute_instance.restricted-ssh","mode":"managed","type":"google_compute_instance","name":"restricted-ssh","provider_config_key":"google","expressions":{"boot_disk":[{"initialize_params":[{"image":{"constant_value":"debian-cloud/debian-9"}}]}],"machine_type":{"constant_value":"n1-standard-1"},"name":{"constant_value":"unrestricted-gce"},"network_interface":[{"access_config":[{"nat_ip":{"references":["google_compute_address.static"]}}],"subnetwork":{"constant_value":"default"}}],"scratch_disk":[{"interface":{"constant_value":"SCSI"}}],"tags":{"constant_value":["ssh-from-anywhere"]},"zone":{"constant_value":"us-west1-a"}},"schema_version":6,"raw_data":{"FileName":"main.tf","StartLine":10,"EndLine":33}}]}}}
