{"format_version":"0.1","terraform_version":"0.13.4","planned_values":{"root_module":{"resources":[{"address":"aws_iam_policy_attachment.test-attach","mode":"managed","type":"aws_iam_policy_attachment","name":"test-attach","provider_name":"registry.terraform.io/hashicorp/aws","schema_version":0,"values":{"groups":null,"name":"test-attachment","policy_arn":"arn:aws:iam::aws:policy/SecurityAudit","roles":null,"users":["not_console_user"]}},{"address":"aws_iam_user.non_console_user","mode":"managed","type":"aws_iam_user","name":"non_console_user","provider_name":"registry.terraform.io/hashicorp/aws","schema_version":0,"values":{"force_destroy":false,"name":"not_console_user","path":"/","permissions_boundary":null,"tags":null}},{"address":"aws_iam_user_policy_attachment.attach-user-policy","mode":"managed","type":"aws_iam_user_policy_attachment","name":"attach-user-policy","provider_name":"registry.terraform.io/hashicorp/aws","schema_version":0,"values":{"policy_arn":"arn:aws:iam::aws:policy/SecurityAudit","user":"not_console_user"}}]}},"resource_changes":[{"address":"aws_iam_policy_attachment.test-attach","mode":"managed","type":"aws_iam_policy_attachment","name":"test-attach","provider_name":"registry.terraform.io/hashicorp/aws","change":{"actions":["create"],"before":null,"after":{"groups":null,"name":"test-attachment","policy_arn":"arn:aws:iam::aws:policy/SecurityAudit","roles":null,"users":["not_console_user"]},"after_unknown":{"id":true,"users":[false]}}},{"address":"aws_iam_user.non_console_user","mode":"managed","type":"aws_iam_user","name":"non_console_user","provider_name":"registry.terraform.io/hashicorp/aws","change":{"actions":["create"],"before":null,"after":{"force_destroy":false,"name":"not_console_user","path":"/","permissions_boundary":null,"tags":null},"after_unknown":{"arn":true,"id":true,"tags_all":true,"unique_id":true}}},{"address":"aws_iam_user_policy_attachment.attach-user-policy","mode":"managed","type":"aws_iam_user_policy_attachment","name":"attach-user-policy","provider_name":"registry.terraform.io/hashicorp/aws","change":{"actions":["create"],"before":null,"after":{"policy_arn":"arn:aws:iam::aws:policy/SecurityAudit","user":"not_console_user"},"after_unknown":{"id":true}}}],"configuration":{"provider_config":{"aws":{"name":"aws","expressions":{"region":{"constant_value":"us-east-1"}}}},"root_module":{"resources":[{"address":"aws_iam_policy_attachment.test-attach","mode":"managed","type":"aws_iam_policy_attachment","name":"test-attach","provider_config_key":"aws","expressions":{"name":{"constant_value":"test-attachment"},"policy_arn":{"constant_value":"arn:aws:iam::aws:policy/SecurityAudit"},"users":{"references":["aws_iam_user.non_console_user"]}},"schema_version":0,"raw_data":{"FileName":"main.tf","StartLine":12,"EndLine":16}},{"address":"aws_iam_user.non_console_user","mode":"managed","type":"aws_iam_user","name":"non_console_user","provider_config_key":"aws","expressions":{"name":{"constant_value":"not_console_user"}},"schema_version":0,"raw_data":{"FileName":"main.tf","StartLine":3,"EndLine":5}},{"address":"aws_iam_user_policy_attachment.attach-user-policy","mode":"managed","type":"aws_iam_user_policy_attachment","name":"attach-user-policy","provider_config_key":"aws","expressions":{"policy_arn":{"constant_value":"arn:aws:iam::aws:policy/SecurityAudit"},"user":{"references":["aws_iam_user.non_console_user"]}},"schema_version":0,"raw_data":{"FileName":"main.tf","StartLine":7,"EndLine":10}}]}}}
